{
  "format_version": "1.0",
  "provider_schemas": {
    "registry.terraform.io/clementblaise/age": {
      "provider": {
        "version": 0,
        "block": {
          "description_kind": "plain"
        }
      },
      "resource_schemas": {
        "age_secret_key": {
          "version": 0,
          "block": {
            "attributes": {
              "id": {
                "type": "string",
                "description_kind": "plain",
                "optional": true,
                "computed": true
              },
              "public_key": {
                "type": "string",
                "description": "Generated Bech32 public key in ASCII format.",
                "description_kind": "markdown",
                "computed": true
              },
              "secret_key": {
                "type": "string",
                "description": "Generated Bech32 secret key in ASCII format.",
                "description_kind": "markdown",
                "computed": true,
                "sensitive": true
              }
            },
            "description": "The resource `age_secret_key` generates an Age secret/public key pair.",
            "description_kind": "markdown"
          }
        }
      }
    }
  }
}
