{
  "format_version": "1.0",
  "provider_schemas": {
    "registry.terraform.io/hashicorp/archive": {
      "provider": {
        "version": 0,
        "block": {
          "description_kind": "plain"
        }
      },
      "resource_schemas": {
        "archive_file": {
          "version": 0,
          "block": {
            "attributes": {
              "exclude_symlink_directories": {
                "type": "bool",
                "description": "Boolean flag indicating whether symbolically linked directories should be excluded during the creation of the archive. Defaults to `false`.",
                "description_kind": "plain",
                "optional": true
              },
              "excludes": {
                "type": [
                  "set",
                  "string"
                ],
                "description": "Specify files to ignore when reading the `source_dir`.",
                "description_kind": "plain",
                "optional": true
              },
              "id": {
                "type": "string",
                "description": "The sha1 checksum hash of the output.",
                "description_kind": "plain",
                "computed": true
              },
              "output_base64sha256": {
                "type": "string",
                "description": "Base64 Encoded SHA256 checksum of output file",
                "description_kind": "plain",
                "computed": true
              },
              "output_base64sha512": {
                "type": "string",
                "description": "Base64 Encoded SHA512 checksum of output file",
                "description_kind": "plain",
                "computed": true
              },
              "output_file_mode": {
                "type": "string",
                "description": "String that specifies the octal file mode for all archived files. For example: `\"0666\"`. Setting this will ensure that cross platform usage of this module will not vary the modes of archived files (and ultimately checksums) resulting in more deterministic behavior.",
                "description_kind": "plain",
                "optional": true
              },
              "output_md5": {
                "type": "string",
                "description": "MD5 of output file",
                "description_kind": "plain",
                "computed": true
              },
              "output_path": {
                "type": "string",
                "description": "The output of the archive file.",
                "description_kind": "plain",
                "required": true
              },
              "output_sha": {
                "type": "string",
                "description": "SHA1 checksum of output file",
                "description_kind": "plain",
                "computed": true
              },
              "output_sha256": {
                "type": "string",
                "description": "SHA256 checksum of output file",
                "description_kind": "plain",
                "computed": true
              },
              "output_sha512": {
                "type": "string",
                "description": "SHA512 checksum of output file",
                "description_kind": "plain",
                "computed": true
              },
              "output_size": {
                "type": "number",
                "description": "The byte size of the output archive file.",
                "description_kind": "plain",
                "computed": true
              },
              "source_content": {
                "type": "string",
                "description": "Add only this content to the archive with `source_content_filename` as the filename. One and only one of `source`, `source_content_filename` (with `source_content`), `source_file`, or `source_dir` must be specified.",
                "description_kind": "plain",
                "optional": true
              },
              "source_content_filename": {
                "type": "string",
                "description": "Set this as the filename when using `source_content`. One and only one of `source`, `source_content_filename` (with `source_content`), `source_file`, or `source_dir` must be specified.",
                "description_kind": "plain",
                "optional": true
              },
              "source_dir": {
                "type": "string",
                "description": "Package entire contents of this directory into the archive. One and only one of `source`, `source_content_filename` (with `source_content`), `source_file`, or `source_dir` must be specified.",
                "description_kind": "plain",
                "optional": true
              },
              "source_file": {
                "type": "string",
                "description": "Package this file into the archive. One and only one of `source`, `source_content_filename` (with `source_content`), `source_file`, or `source_dir` must be specified.",
                "description_kind": "plain",
                "optional": true
              },
              "type": {
                "type": "string",
                "description": "The type of archive to generate. NOTE: `zip` is supported.",
                "description_kind": "plain",
                "required": true
              }
            },
            "block_types": {
              "source": {
                "nesting_mode": "set",
                "block": {
                  "attributes": {
                    "content": {
                      "type": "string",
                      "description": "Add this content to the archive with `filename` as the filename.",
                      "description_kind": "plain",
                      "required": true
                    },
                    "filename": {
                      "type": "string",
                      "description": "Set this as the filename when declaring a `source`.",
                      "description_kind": "plain",
                      "required": true
                    }
                  },
                  "description": "Specifies attributes of a single source file to include into the archive. One and only one of `source`, `source_content_filename` (with `source_content`), `source_file`, or `source_dir` must be specified.",
                  "description_kind": "plain"
                }
              }
            },
            "description": "**NOTE**: This resource is deprecated, use data source instead.",
            "description_kind": "plain",
            "deprecated": true
          }
        }
      },
      "data_source_schemas": {
        "archive_file": {
          "version": 0,
          "block": {
            "attributes": {
              "exclude_symlink_directories": {
                "type": "bool",
                "description": "Boolean flag indicating whether symbolically linked directories should be excluded during the creation of the archive. Defaults to `false`.",
                "description_kind": "plain",
                "optional": true
              },
              "excludes": {
                "type": [
                  "set",
                  "string"
                ],
                "description": "Specify files to ignore when reading the `source_dir`.",
                "description_kind": "plain",
                "optional": true
              },
              "id": {
                "type": "string",
                "description": "The sha1 checksum hash of the output.",
                "description_kind": "plain",
                "computed": true
              },
              "output_base64sha256": {
                "type": "string",
                "description": "Base64 Encoded SHA256 checksum of output file",
                "description_kind": "plain",
                "computed": true
              },
              "output_base64sha512": {
                "type": "string",
                "description": "Base64 Encoded SHA512 checksum of output file",
                "description_kind": "plain",
                "computed": true
              },
              "output_file_mode": {
                "type": "string",
                "description": "String that specifies the octal file mode for all archived files. For example: `\"0666\"`. Setting this will ensure that cross platform usage of this module will not vary the modes of archived files (and ultimately checksums) resulting in more deterministic behavior.",
                "description_kind": "plain",
                "optional": true
              },
              "output_md5": {
                "type": "string",
                "description": "MD5 of output file",
                "description_kind": "plain",
                "computed": true
              },
              "output_path": {
                "type": "string",
                "description": "The output of the archive file.",
                "description_kind": "plain",
                "required": true
              },
              "output_sha": {
                "type": "string",
                "description": "SHA1 checksum of output file",
                "description_kind": "plain",
                "computed": true
              },
              "output_sha256": {
                "type": "string",
                "description": "SHA256 checksum of output file",
                "description_kind": "plain",
                "computed": true
              },
              "output_sha512": {
                "type": "string",
                "description": "SHA512 checksum of output file",
                "description_kind": "plain",
                "computed": true
              },
              "output_size": {
                "type": "number",
                "description": "The byte size of the output archive file.",
                "description_kind": "plain",
                "computed": true
              },
              "source_content": {
                "type": "string",
                "description": "Add only this content to the archive with `source_content_filename` as the filename. One and only one of `source`, `source_content_filename` (with `source_content`), `source_file`, or `source_dir` must be specified.",
                "description_kind": "plain",
                "optional": true
              },
              "source_content_filename": {
                "type": "string",
                "description": "Set this as the filename when using `source_content`. One and only one of `source`, `source_content_filename` (with `source_content`), `source_file`, or `source_dir` must be specified.",
                "description_kind": "plain",
                "optional": true
              },
              "source_dir": {
                "type": "string",
                "description": "Package entire contents of this directory into the archive. One and only one of `source`, `source_content_filename` (with `source_content`), `source_file`, or `source_dir` must be specified.",
                "description_kind": "plain",
                "optional": true
              },
              "source_file": {
                "type": "string",
                "description": "Package this file into the archive. One and only one of `source`, `source_content_filename` (with `source_content`), `source_file`, or `source_dir` must be specified.",
                "description_kind": "plain",
                "optional": true
              },
              "type": {
                "type": "string",
                "description": "The type of archive to generate. NOTE: `zip` is supported.",
                "description_kind": "plain",
                "required": true
              }
            },
            "block_types": {
              "source": {
                "nesting_mode": "set",
                "block": {
                  "attributes": {
                    "content": {
                      "type": "string",
                      "description": "Add this content to the archive with `filename` as the filename.",
                      "description_kind": "plain",
                      "required": true
                    },
                    "filename": {
                      "type": "string",
                      "description": "Set this as the filename when declaring a `source`.",
                      "description_kind": "plain",
                      "required": true
                    }
                  },
                  "description": "Specifies attributes of a single source file to include into the archive. One and only one of `source`, `source_content_filename` (with `source_content`), `source_file`, or `source_dir` must be specified.",
                  "description_kind": "plain"
                }
              }
            },
            "description": "Generates an archive from content, a file, or directory of files.",
            "description_kind": "plain"
          }
        }
      }
    }
  }
}
