{
  "format_version": "1.0",
  "provider_schemas": {
    "registry.terraform.io/hashicorp/azurestack": {
      "provider": {
        "version": 0,
        "block": {
          "attributes": {
            "arm_endpoint": {
              "type": "string",
              "description": "The Hostname which should be used for the Azure Metadata Service.",
              "description_kind": "plain",
              "deprecated": true,
              "optional": true
            },
            "auxiliary_tenant_ids": {
              "type": [
                "list",
                "string"
              ],
              "description_kind": "plain",
              "optional": true
            },
            "client_certificate_password": {
              "type": "string",
              "description": "The password associated with the Client Certificate. For use when authenticating as a Service Principal using a Client Certificate",
              "description_kind": "plain",
              "optional": true
            },
            "client_certificate_path": {
              "type": "string",
              "description": "The path to the Client Certificate associated with the Service Principal for use when authenticating as a Service Principal using a Client Certificate.",
              "description_kind": "plain",
              "optional": true
            },
            "client_id": {
              "type": "string",
              "description": "The Client ID which should be used.",
              "description_kind": "plain",
              "optional": true
            },
            "client_secret": {
              "type": "string",
              "description": "The Client Secret which should be used. For use When authenticating as a Service Principal using a Client Secret.",
              "description_kind": "plain",
              "optional": true
            },
            "disable_correlation_request_id": {
              "type": "bool",
              "description": "This will disable the x-ms-correlation-request-id header.",
              "description_kind": "plain",
              "optional": true
            },
            "environment": {
              "type": "string",
              "description": "The Cloud Environment which should be used.",
              "description_kind": "plain",
              "optional": true
            },
            "metadata_host": {
              "type": "string",
              "description": "The Hostname which should be used for the Azure Metadata Service.",
              "description_kind": "plain",
              "optional": true
            },
            "msi_endpoint": {
              "type": "string",
              "description": "The path to a custom endpoint for Managed Service Identity - in most circumstances this should be detected automatically. ",
              "description_kind": "plain",
              "optional": true
            },
            "skip_provider_registration": {
              "type": "bool",
              "description": "Should the AzureStack Provider skip registering all of the Resource Providers that it supports, if they're not already registered?",
              "description_kind": "plain",
              "optional": true
            },
            "subscription_id": {
              "type": "string",
              "description": "The Subscription ID which should be used.",
              "description_kind": "plain",
              "optional": true
            },
            "tenant_id": {
              "type": "string",
              "description": "The Tenant ID which should be used.",
              "description_kind": "plain",
              "optional": true
            },
            "use_msi": {
              "type": "bool",
              "description": "Allowed Managed Service Identity be used for Authentication.",
              "description_kind": "plain",
              "optional": true
            }
          },
          "block_types": {
            "features": {
              "nesting_mode": "list",
              "block": {
                "block_types": {
                  "resource_group": {
                    "nesting_mode": "list",
                    "block": {
                      "attributes": {
                        "prevent_deletion_if_contains_resources": {
                          "type": "bool",
                          "description_kind": "plain",
                          "optional": true
                        }
                      },
                      "description_kind": "plain"
                    },
                    "max_items": 1
                  },
                  "virtual_machine": {
                    "nesting_mode": "list",
                    "block": {
                      "attributes": {
                        "delete_os_disk_on_deletion": {
                          "type": "bool",
                          "description_kind": "plain",
                          "optional": true
                        },
                        "graceful_shutdown": {
                          "type": "bool",
                          "description_kind": "plain",
                          "optional": true
                        },
                        "skip_shutdown_and_force_delete": {
                          "type": "bool",
                          "description_kind": "plain",
                          "optional": true
                        }
                      },
                      "description_kind": "plain"
                    },
                    "max_items": 1
                  },
                  "virtual_machine_scale_set": {
                    "nesting_mode": "list",
                    "block": {
                      "attributes": {
                        "force_delete": {
                          "type": "bool",
                          "description_kind": "plain",
                          "optional": true
                        },
                        "roll_instances_when_required": {
                          "type": "bool",
                          "description_kind": "plain",
                          "required": true
                        },
                        "scale_to_zero_before_deletion": {
                          "type": "bool",
                          "description_kind": "plain",
                          "optional": true
                        }
                      },
                      "description_kind": "plain"
                    },
                    "max_items": 1
                  }
                },
                "description_kind": "plain"
              },
              "min_items": 1,
              "max_items": 1
            }
          },
          "description_kind": "plain"
        }
      },
      "resource_schemas": {
        "azurestack_availability_set": {
          "version": 0,
          "block": {
            "attributes": {
              "id": {
                "type": "string",
                "description_kind": "plain",
                "optional": true,
                "computed": true
              },
              "location": {
                "type": "string",
                "description_kind": "plain",
                "required": true
              },
              "managed": {
                "type": "bool",
                "description_kind": "plain",
                "optional": true
              },
              "name": {
                "type": "string",
                "description_kind": "plain",
                "required": true
              },
              "platform_fault_domain_count": {
                "type": "number",
                "description_kind": "plain",
                "optional": true
              },
              "platform_update_domain_count": {
                "type": "number",
                "description_kind": "plain",
                "optional": true
              },
              "resource_group_name": {
                "type": "string",
                "description_kind": "plain",
                "required": true
              },
              "tags": {
                "type": [
                  "map",
                  "string"
                ],
                "description_kind": "plain",
                "optional": true
              }
            },
            "block_types": {
              "timeouts": {
                "nesting_mode": "single",
                "block": {
                  "attributes": {
                    "create": {
                      "type": "string",
                      "description_kind": "plain",
                      "optional": true
                    },
                    "delete": {
                      "type": "string",
                      "description_kind": "plain",
                      "optional": true
                    },
                    "read": {
                      "type": "string",
                      "description_kind": "plain",
                      "optional": true
                    },
                    "update": {
                      "type": "string",
                      "description_kind": "plain",
                      "optional": true
                    }
                  },
                  "description_kind": "plain"
                }
              }
            },
            "description_kind": "plain"
          }
        },
        "azurestack_dns_a_record": {
          "version": 0,
          "block": {
            "attributes": {
              "fqdn": {
                "type": "string",
                "description_kind": "plain",
                "computed": true
              },
              "id": {
                "type": "string",
                "description_kind": "plain",
                "optional": true,
                "computed": true
              },
              "name": {
                "type": "string",
                "description_kind": "plain",
                "required": true
              },
              "records": {
                "type": [
                  "set",
                  "string"
                ],
                "description_kind": "plain",
                "required": true
              },
              "resource_group_name": {
                "type": "string",
                "description_kind": "plain",
                "required": true
              },
              "tags": {
                "type": [
                  "map",
                  "string"
                ],
                "description_kind": "plain",
                "optional": true
              },
              "ttl": {
                "type": "number",
                "description_kind": "plain",
                "required": true
              },
              "zone_name": {
                "type": "string",
                "description_kind": "plain",
                "required": true
              }
            },
            "block_types": {
              "timeouts": {
                "nesting_mode": "single",
                "block": {
                  "attributes": {
                    "create": {
                      "type": "string",
                      "description_kind": "plain",
                      "optional": true
                    },
                    "delete": {
                      "type": "string",
                      "description_kind": "plain",
                      "optional": true
                    },
                    "read": {
                      "type": "string",
                      "description_kind": "plain",
                      "optional": true
                    },
                    "update": {
                      "type": "string",
                      "description_kind": "plain",
                      "optional": true
                    }
                  },
                  "description_kind": "plain"
                }
              }
            },
            "description_kind": "plain"
          }
        },
        "azurestack_dns_aaaa_record": {
          "version": 0,
          "block": {
            "attributes": {
              "fqdn": {
                "type": "string",
                "description_kind": "plain",
                "computed": true
              },
              "id": {
                "type": "string",
                "description_kind": "plain",
                "optional": true,
                "computed": true
              },
              "name": {
                "type": "string",
                "description_kind": "plain",
                "required": true
              },
              "records": {
                "type": [
                  "set",
                  "string"
                ],
                "description_kind": "plain",
                "optional": true
              },
              "resource_group_name": {
                "type": "string",
                "description_kind": "plain",
                "required": true
              },
              "tags": {
                "type": [
                  "map",
                  "string"
                ],
                "description_kind": "plain",
                "optional": true
              },
              "ttl": {
                "type": "number",
                "description_kind": "plain",
                "required": true
              },
              "zone_name": {
                "type": "string",
                "description_kind": "plain",
                "required": true
              }
            },
            "block_types": {
              "timeouts": {
                "nesting_mode": "single",
                "block": {
                  "attributes": {
                    "create": {
                      "type": "string",
                      "description_kind": "plain",
                      "optional": true
                    },
                    "delete": {
                      "type": "string",
                      "description_kind": "plain",
                      "optional": true
                    },
                    "read": {
                      "type": "string",
                      "description_kind": "plain",
                      "optional": true
                    },
                    "update": {
                      "type": "string",
                      "description_kind": "plain",
                      "optional": true
                    }
                  },
                  "description_kind": "plain"
                }
              }
            },
            "description_kind": "plain"
          }
        },
        "azurestack_dns_cname_record": {
          "version": 0,
          "block": {
            "attributes": {
              "fqdn": {
                "type": "string",
                "description_kind": "plain",
                "computed": true
              },
              "id": {
                "type": "string",
                "description_kind": "plain",
                "optional": true,
                "computed": true
              },
              "name": {
                "type": "string",
                "description_kind": "plain",
                "required": true
              },
              "record": {
                "type": "string",
                "description_kind": "plain",
                "optional": true
              },
              "resource_group_name": {
                "type": "string",
                "description_kind": "plain",
                "required": true
              },
              "tags": {
                "type": [
                  "map",
                  "string"
                ],
                "description_kind": "plain",
                "optional": true
              },
              "ttl": {
                "type": "number",
                "description_kind": "plain",
                "required": true
              },
              "zone_name": {
                "type": "string",
                "description_kind": "plain",
                "required": true
              }
            },
            "block_types": {
              "timeouts": {
                "nesting_mode": "single",
                "block": {
                  "attributes": {
                    "create": {
                      "type": "string",
                      "description_kind": "plain",
                      "optional": true
                    },
                    "delete": {
                      "type": "string",
                      "description_kind": "plain",
                      "optional": true
                    },
                    "read": {
                      "type": "string",
                      "description_kind": "plain",
                      "optional": true
                    },
                    "update": {
                      "type": "string",
                      "description_kind": "plain",
                      "optional": true
                    }
                  },
                  "description_kind": "plain"
                }
              }
            },
            "description_kind": "plain"
          }
        },
        "azurestack_dns_mx_record": {
          "version": 0,
          "block": {
            "attributes": {
              "fqdn": {
                "type": "string",
                "description_kind": "plain",
                "computed": true
              },
              "id": {
                "type": "string",
                "description_kind": "plain",
                "optional": true,
                "computed": true
              },
              "name": {
                "type": "string",
                "description_kind": "plain",
                "optional": true
              },
              "resource_group_name": {
                "type": "string",
                "description_kind": "plain",
                "required": true
              },
              "tags": {
                "type": [
                  "map",
                  "string"
                ],
                "description_kind": "plain",
                "optional": true
              },
              "ttl": {
                "type": "number",
                "description_kind": "plain",
                "required": true
              },
              "zone_name": {
                "type": "string",
                "description_kind": "plain",
                "required": true
              }
            },
            "block_types": {
              "record": {
                "nesting_mode": "set",
                "block": {
                  "attributes": {
                    "exchange": {
                      "type": "string",
                      "description_kind": "plain",
                      "required": true
                    },
                    "preference": {
                      "type": "string",
                      "description_kind": "plain",
                      "required": true
                    }
                  },
                  "description_kind": "plain"
                },
                "min_items": 1
              },
              "timeouts": {
                "nesting_mode": "single",
                "block": {
                  "attributes": {
                    "create": {
                      "type": "string",
                      "description_kind": "plain",
                      "optional": true
                    },
                    "delete": {
                      "type": "string",
                      "description_kind": "plain",
                      "optional": true
                    },
                    "read": {
                      "type": "string",
                      "description_kind": "plain",
                      "optional": true
                    },
                    "update": {
                      "type": "string",
                      "description_kind": "plain",
                      "optional": true
                    }
                  },
                  "description_kind": "plain"
                }
              }
            },
            "description_kind": "plain"
          }
        },
        "azurestack_dns_ns_record": {
          "version": 0,
          "block": {
            "attributes": {
              "fqdn": {
                "type": "string",
                "description_kind": "plain",
                "computed": true
              },
              "id": {
                "type": "string",
                "description_kind": "plain",
                "optional": true,
                "computed": true
              },
              "name": {
                "type": "string",
                "description_kind": "plain",
                "required": true
              },
              "records": {
                "type": [
                  "list",
                  "string"
                ],
                "description_kind": "plain",
                "required": true
              },
              "resource_group_name": {
                "type": "string",
                "description_kind": "plain",
                "required": true
              },
              "tags": {
                "type": [
                  "map",
                  "string"
                ],
                "description_kind": "plain",
                "optional": true
              },
              "ttl": {
                "type": "number",
                "description_kind": "plain",
                "required": true
              },
              "zone_name": {
                "type": "string",
                "description_kind": "plain",
                "required": true
              }
            },
            "block_types": {
              "timeouts": {
                "nesting_mode": "single",
                "block": {
                  "attributes": {
                    "create": {
                      "type": "string",
                      "description_kind": "plain",
                      "optional": true
                    },
                    "delete": {
                      "type": "string",
                      "description_kind": "plain",
                      "optional": true
                    },
                    "read": {
                      "type": "string",
                      "description_kind": "plain",
                      "optional": true
                    },
                    "update": {
                      "type": "string",
                      "description_kind": "plain",
                      "optional": true
                    }
                  },
                  "description_kind": "plain"
                }
              }
            },
            "description_kind": "plain"
          }
        },
        "azurestack_dns_ptr_record": {
          "version": 0,
          "block": {
            "attributes": {
              "fqdn": {
                "type": "string",
                "description_kind": "plain",
                "computed": true
              },
              "id": {
                "type": "string",
                "description_kind": "plain",
                "optional": true,
                "computed": true
              },
              "name": {
                "type": "string",
                "description_kind": "plain",
                "required": true
              },
              "records": {
                "type": [
                  "set",
                  "string"
                ],
                "description_kind": "plain",
                "required": true
              },
              "resource_group_name": {
                "type": "string",
                "description_kind": "plain",
                "required": true
              },
              "tags": {
                "type": [
                  "map",
                  "string"
                ],
                "description_kind": "plain",
                "optional": true
              },
              "ttl": {
                "type": "number",
                "description_kind": "plain",
                "required": true
              },
              "zone_name": {
                "type": "string",
                "description_kind": "plain",
                "required": true
              }
            },
            "block_types": {
              "timeouts": {
                "nesting_mode": "single",
                "block": {
                  "attributes": {
                    "create": {
                      "type": "string",
                      "description_kind": "plain",
                      "optional": true
                    },
                    "delete": {
                      "type": "string",
                      "description_kind": "plain",
                      "optional": true
                    },
                    "read": {
                      "type": "string",
                      "description_kind": "plain",
                      "optional": true
                    },
                    "update": {
                      "type": "string",
                      "description_kind": "plain",
                      "optional": true
                    }
                  },
                  "description_kind": "plain"
                }
              }
            },
            "description_kind": "plain"
          }
        },
        "azurestack_dns_srv_record": {
          "version": 0,
          "block": {
            "attributes": {
              "fqdn": {
                "type": "string",
                "description_kind": "plain",
                "computed": true
              },
              "id": {
                "type": "string",
                "description_kind": "plain",
                "optional": true,
                "computed": true
              },
              "name": {
                "type": "string",
                "description_kind": "plain",
                "required": true
              },
              "resource_group_name": {
                "type": "string",
                "description_kind": "plain",
                "required": true
              },
              "tags": {
                "type": [
                  "map",
                  "string"
                ],
                "description_kind": "plain",
                "optional": true
              },
              "ttl": {
                "type": "number",
                "description_kind": "plain",
                "required": true
              },
              "zone_name": {
                "type": "string",
                "description_kind": "plain",
                "required": true
              }
            },
            "block_types": {
              "record": {
                "nesting_mode": "set",
                "block": {
                  "attributes": {
                    "port": {
                      "type": "number",
                      "description_kind": "plain",
                      "required": true
                    },
                    "priority": {
                      "type": "number",
                      "description_kind": "plain",
                      "required": true
                    },
                    "target": {
                      "type": "string",
                      "description_kind": "plain",
                      "required": true
                    },
                    "weight": {
                      "type": "number",
                      "description_kind": "plain",
                      "required": true
                    }
                  },
                  "description_kind": "plain"
                },
                "min_items": 1
              },
              "timeouts": {
                "nesting_mode": "single",
                "block": {
                  "attributes": {
                    "create": {
                      "type": "string",
                      "description_kind": "plain",
                      "optional": true
                    },
                    "delete": {
                      "type": "string",
                      "description_kind": "plain",
                      "optional": true
                    },
                    "read": {
                      "type": "string",
                      "description_kind": "plain",
                      "optional": true
                    },
                    "update": {
                      "type": "string",
                      "description_kind": "plain",
                      "optional": true
                    }
                  },
                  "description_kind": "plain"
                }
              }
            },
            "description_kind": "plain"
          }
        },
        "azurestack_dns_txt_record": {
          "version": 0,
          "block": {
            "attributes": {
              "fqdn": {
                "type": "string",
                "description_kind": "plain",
                "computed": true
              },
              "id": {
                "type": "string",
                "description_kind": "plain",
                "optional": true,
                "computed": true
              },
              "name": {
                "type": "string",
                "description_kind": "plain",
                "required": true
              },
              "resource_group_name": {
                "type": "string",
                "description_kind": "plain",
                "required": true
              },
              "tags": {
                "type": [
                  "map",
                  "string"
                ],
                "description_kind": "plain",
                "optional": true
              },
              "ttl": {
                "type": "number",
                "description_kind": "plain",
                "required": true
              },
              "zone_name": {
                "type": "string",
                "description_kind": "plain",
                "required": true
              }
            },
            "block_types": {
              "record": {
                "nesting_mode": "set",
                "block": {
                  "attributes": {
                    "value": {
                      "type": "string",
                      "description_kind": "plain",
                      "required": true
                    }
                  },
                  "description_kind": "plain"
                },
                "min_items": 1
              },
              "timeouts": {
                "nesting_mode": "single",
                "block": {
                  "attributes": {
                    "create": {
                      "type": "string",
                      "description_kind": "plain",
                      "optional": true
                    },
                    "delete": {
                      "type": "string",
                      "description_kind": "plain",
                      "optional": true
                    },
                    "read": {
                      "type": "string",
                      "description_kind": "plain",
                      "optional": true
                    },
                    "update": {
                      "type": "string",
                      "description_kind": "plain",
                      "optional": true
                    }
                  },
                  "description_kind": "plain"
                }
              }
            },
            "description_kind": "plain"
          }
        },
        "azurestack_dns_zone": {
          "version": 1,
          "block": {
            "attributes": {
              "id": {
                "type": "string",
                "description_kind": "plain",
                "optional": true,
                "computed": true
              },
              "max_number_of_record_sets": {
                "type": "number",
                "description_kind": "plain",
                "computed": true
              },
              "name": {
                "type": "string",
                "description_kind": "plain",
                "required": true
              },
              "name_servers": {
                "type": [
                  "set",
                  "string"
                ],
                "description_kind": "plain",
                "computed": true
              },
              "number_of_record_sets": {
                "type": "number",
                "description_kind": "plain",
                "computed": true
              },
              "resource_group_name": {
                "type": "string",
                "description_kind": "plain",
                "required": true
              },
              "tags": {
                "type": [
                  "map",
                  "string"
                ],
                "description_kind": "plain",
                "optional": true
              }
            },
            "block_types": {
              "soa_record": {
                "nesting_mode": "list",
                "block": {
                  "attributes": {
                    "email": {
                      "type": "string",
                      "description_kind": "plain",
                      "required": true
                    },
                    "expire_time": {
                      "type": "number",
                      "description_kind": "plain",
                      "optional": true
                    },
                    "fqdn": {
                      "type": "string",
                      "description_kind": "plain",
                      "computed": true
                    },
                    "host_name": {
                      "type": "string",
                      "description_kind": "plain",
                      "required": true
                    },
                    "minimum_ttl": {
                      "type": "number",
                      "description_kind": "plain",
                      "optional": true
                    },
                    "refresh_time": {
                      "type": "number",
                      "description_kind": "plain",
                      "optional": true
                    },
                    "retry_time": {
                      "type": "number",
                      "description_kind": "plain",
                      "optional": true
                    },
                    "serial_number": {
                      "type": "number",
                      "description_kind": "plain",
                      "optional": true
                    },
                    "tags": {
                      "type": [
                        "map",
                        "string"
                      ],
                      "description_kind": "plain",
                      "optional": true
                    },
                    "ttl": {
                      "type": "number",
                      "description_kind": "plain",
                      "optional": true
                    }
                  },
                  "description_kind": "plain"
                },
                "max_items": 1
              },
              "timeouts": {
                "nesting_mode": "single",
                "block": {
                  "attributes": {
                    "create": {
                      "type": "string",
                      "description_kind": "plain",
                      "optional": true
                    },
                    "delete": {
                      "type": "string",
                      "description_kind": "plain",
                      "optional": true
                    },
                    "read": {
                      "type": "string",
                      "description_kind": "plain",
                      "optional": true
                    },
                    "update": {
                      "type": "string",
                      "description_kind": "plain",
                      "optional": true
                    }
                  },
                  "description_kind": "plain"
                }
              }
            },
            "description_kind": "plain"
          }
        },
        "azurestack_image": {
          "version": 0,
          "block": {
            "attributes": {
              "id": {
                "type": "string",
                "description_kind": "plain",
                "optional": true,
                "computed": true
              },
              "location": {
                "type": "string",
                "description_kind": "plain",
                "required": true
              },
              "name": {
                "type": "string",
                "description_kind": "plain",
                "required": true
              },
              "resource_group_name": {
                "type": "string",
                "description_kind": "plain",
                "required": true
              },
              "source_virtual_machine_id": {
                "type": "string",
                "description_kind": "plain",
                "optional": true
              },
              "tags": {
                "type": [
                  "map",
                  "string"
                ],
                "description_kind": "plain",
                "optional": true
              }
            },
            "block_types": {
              "data_disk": {
                "nesting_mode": "list",
                "block": {
                  "attributes": {
                    "blob_uri": {
                      "type": "string",
                      "description_kind": "plain",
                      "optional": true,
                      "computed": true
                    },
                    "caching": {
                      "type": "string",
                      "description_kind": "plain",
                      "optional": true
                    },
                    "lun": {
                      "type": "number",
                      "description_kind": "plain",
                      "optional": true
                    },
                    "managed_disk_id": {
                      "type": "string",
                      "description_kind": "plain",
                      "optional": true
                    },
                    "size_gb": {
                      "type": "number",
                      "description_kind": "plain",
                      "optional": true,
                      "computed": true
                    }
                  },
                  "description_kind": "plain"
                }
              },
              "os_disk": {
                "nesting_mode": "list",
                "block": {
                  "attributes": {
                    "blob_uri": {
                      "type": "string",
                      "description_kind": "plain",
                      "optional": true,
                      "computed": true
                    },
                    "caching": {
                      "type": "string",
                      "description_kind": "plain",
                      "optional": true
                    },
                    "managed_disk_id": {
                      "type": "string",
                      "description_kind": "plain",
                      "optional": true,
                      "computed": true
                    },
                    "os_state": {
                      "type": "string",
                      "description_kind": "plain",
                      "optional": true
                    },
                    "os_type": {
                      "type": "string",
                      "description_kind": "plain",
                      "optional": true
                    },
                    "size_gb": {
                      "type": "number",
                      "description_kind": "plain",
                      "optional": true,
                      "computed": true
                    }
                  },
                  "description_kind": "plain"
                },
                "max_items": 1
              },
              "timeouts": {
                "nesting_mode": "single",
                "block": {
                  "attributes": {
                    "create": {
                      "type": "string",
                      "description_kind": "plain",
                      "optional": true
                    },
                    "delete": {
                      "type": "string",
                      "description_kind": "plain",
                      "optional": true
                    },
                    "read": {
                      "type": "string",
                      "description_kind": "plain",
                      "optional": true
                    },
                    "update": {
                      "type": "string",
                      "description_kind": "plain",
                      "optional": true
                    }
                  },
                  "description_kind": "plain"
                }
              }
            },
            "description_kind": "plain"
          }
        },
        "azurestack_key_vault": {
          "version": 2,
          "block": {
            "attributes": {
              "access_policy": {
                "type": [
                  "list",
                  [
                    "object",
                    {
                      "application_id": "string",
                      "certificate_permissions": [
                        "list",
                        "string"
                      ],
                      "key_permissions": [
                        "list",
                        "string"
                      ],
                      "object_id": "string",
                      "secret_permissions": [
                        "list",
                        "string"
                      ],
                      "storage_permissions": [
                        "list",
                        "string"
                      ],
                      "tenant_id": "string"
                    }
                  ]
                ],
                "description_kind": "plain",
                "optional": true,
                "computed": true
              },
              "enable_rbac_authorization": {
                "type": "bool",
                "description_kind": "plain",
                "optional": true
              },
              "enabled_for_deployment": {
                "type": "bool",
                "description_kind": "plain",
                "optional": true
              },
              "enabled_for_disk_encryption": {
                "type": "bool",
                "description_kind": "plain",
                "optional": true
              },
              "enabled_for_template_deployment": {
                "type": "bool",
                "description_kind": "plain",
                "optional": true
              },
              "id": {
                "type": "string",
                "description_kind": "plain",
                "optional": true,
                "computed": true
              },
              "location": {
                "type": "string",
                "description_kind": "plain",
                "required": true
              },
              "name": {
                "type": "string",
                "description_kind": "plain",
                "required": true
              },
              "resource_group_name": {
                "type": "string",
                "description_kind": "plain",
                "required": true
              },
              "sku_name": {
                "type": "string",
                "description_kind": "plain",
                "required": true
              },
              "tags": {
                "type": [
                  "map",
                  "string"
                ],
                "description_kind": "plain",
                "optional": true
              },
              "tenant_id": {
                "type": "string",
                "description_kind": "plain",
                "required": true
              },
              "vault_uri": {
                "type": "string",
                "description_kind": "plain",
                "computed": true
              }
            },
            "block_types": {
              "network_acls": {
                "nesting_mode": "list",
                "block": {
                  "attributes": {
                    "bypass": {
                      "type": "string",
                      "description_kind": "plain",
                      "required": true
                    },
                    "default_action": {
                      "type": "string",
                      "description_kind": "plain",
                      "required": true
                    },
                    "ip_rules": {
                      "type": [
                        "set",
                        "string"
                      ],
                      "description_kind": "plain",
                      "optional": true
                    },
                    "virtual_network_subnet_ids": {
                      "type": [
                        "set",
                        "string"
                      ],
                      "description_kind": "plain",
                      "optional": true
                    }
                  },
                  "description_kind": "plain"
                },
                "max_items": 1
              },
              "timeouts": {
                "nesting_mode": "single",
                "block": {
                  "attributes": {
                    "create": {
                      "type": "string",
                      "description_kind": "plain",
                      "optional": true
                    },
                    "delete": {
                      "type": "string",
                      "description_kind": "plain",
                      "optional": true
                    },
                    "read": {
                      "type": "string",
                      "description_kind": "plain",
                      "optional": true
                    },
                    "update": {
                      "type": "string",
                      "description_kind": "plain",
                      "optional": true
                    }
                  },
                  "description_kind": "plain"
                }
              }
            },
            "description_kind": "plain"
          }
        },
        "azurestack_key_vault_access_policy": {
          "version": 0,
          "block": {
            "attributes": {
              "application_id": {
                "type": "string",
                "description_kind": "plain",
                "optional": true
              },
              "certificate_permissions": {
                "type": [
                  "list",
                  "string"
                ],
                "description_kind": "plain",
                "optional": true
              },
              "id": {
                "type": "string",
                "description_kind": "plain",
                "optional": true,
                "computed": true
              },
              "key_permissions": {
                "type": [
                  "list",
                  "string"
                ],
                "description_kind": "plain",
                "optional": true
              },
              "key_vault_id": {
                "type": "string",
                "description_kind": "plain",
                "required": true
              },
              "object_id": {
                "type": "string",
                "description_kind": "plain",
                "required": true
              },
              "secret_permissions": {
                "type": [
                  "list",
                  "string"
                ],
                "description_kind": "plain",
                "optional": true
              },
              "storage_permissions": {
                "type": [
                  "list",
                  "string"
                ],
                "description_kind": "plain",
                "optional": true
              },
              "tenant_id": {
                "type": "string",
                "description_kind": "plain",
                "required": true
              }
            },
            "block_types": {
              "timeouts": {
                "nesting_mode": "single",
                "block": {
                  "attributes": {
                    "create": {
                      "type": "string",
                      "description_kind": "plain",
                      "optional": true
                    },
                    "delete": {
                      "type": "string",
                      "description_kind": "plain",
                      "optional": true
                    },
                    "read": {
                      "type": "string",
                      "description_kind": "plain",
                      "optional": true
                    },
                    "update": {
                      "type": "string",
                      "description_kind": "plain",
                      "optional": true
                    }
                  },
                  "description_kind": "plain"
                }
              }
            },
            "description_kind": "plain"
          }
        },
        "azurestack_key_vault_key": {
          "version": 0,
          "block": {
            "attributes": {
              "curve": {
                "type": "string",
                "description_kind": "plain",
                "optional": true,
                "computed": true
              },
              "e": {
                "type": "string",
                "description_kind": "plain",
                "computed": true
              },
              "expiration_date": {
                "type": "string",
                "description_kind": "plain",
                "optional": true
              },
              "id": {
                "type": "string",
                "description_kind": "plain",
                "optional": true,
                "computed": true
              },
              "key_opts": {
                "type": [
                  "list",
                  "string"
                ],
                "description_kind": "plain",
                "required": true
              },
              "key_size": {
                "type": "number",
                "description_kind": "plain",
                "optional": true
              },
              "key_type": {
                "type": "string",
                "description_kind": "plain",
                "required": true
              },
              "key_vault_id": {
                "type": "string",
                "description_kind": "plain",
                "required": true
              },
              "n": {
                "type": "string",
                "description_kind": "plain",
                "computed": true
              },
              "name": {
                "type": "string",
                "description_kind": "plain",
                "required": true
              },
              "not_before_date": {
                "type": "string",
                "description_kind": "plain",
                "optional": true
              },
              "tags": {
                "type": [
                  "map",
                  "string"
                ],
                "description_kind": "plain",
                "optional": true
              },
              "version": {
                "type": "string",
                "description_kind": "plain",
                "computed": true
              },
              "versionless_id": {
                "type": "string",
                "description_kind": "plain",
                "computed": true
              },
              "x": {
                "type": "string",
                "description_kind": "plain",
                "computed": true
              },
              "y": {
                "type": "string",
                "description_kind": "plain",
                "computed": true
              }
            },
            "block_types": {
              "timeouts": {
                "nesting_mode": "single",
                "block": {
                  "attributes": {
                    "create": {
                      "type": "string",
                      "description_kind": "plain",
                      "optional": true
                    },
                    "delete": {
                      "type": "string",
                      "description_kind": "plain",
                      "optional": true
                    },
                    "read": {
                      "type": "string",
                      "description_kind": "plain",
                      "optional": true
                    },
                    "update": {
                      "type": "string",
                      "description_kind": "plain",
                      "optional": true
                    }
                  },
                  "description_kind": "plain"
                }
              }
            },
            "description_kind": "plain"
          }
        },
        "azurestack_key_vault_secret": {
          "version": 0,
          "block": {
            "attributes": {
              "content_type": {
                "type": "string",
                "description_kind": "plain",
                "optional": true
              },
              "expiration_date": {
                "type": "string",
                "description_kind": "plain",
                "optional": true
              },
              "id": {
                "type": "string",
                "description_kind": "plain",
                "optional": true,
                "computed": true
              },
              "key_vault_id": {
                "type": "string",
                "description_kind": "plain",
                "required": true
              },
              "name": {
                "type": "string",
                "description_kind": "plain",
                "required": true
              },
              "not_before_date": {
                "type": "string",
                "description_kind": "plain",
                "optional": true
              },
              "tags": {
                "type": [
                  "map",
                  "string"
                ],
                "description_kind": "plain",
                "optional": true
              },
              "value": {
                "type": "string",
                "description_kind": "plain",
                "required": true,
                "sensitive": true
              },
              "version": {
                "type": "string",
                "description_kind": "plain",
                "computed": true
              }
            },
            "block_types": {
              "timeouts": {
                "nesting_mode": "single",
                "block": {
                  "attributes": {
                    "create": {
                      "type": "string",
                      "description_kind": "plain",
                      "optional": true
                    },
                    "delete": {
                      "type": "string",
                      "description_kind": "plain",
                      "optional": true
                    },
                    "read": {
                      "type": "string",
                      "description_kind": "plain",
                      "optional": true
                    },
                    "update": {
                      "type": "string",
                      "description_kind": "plain",
                      "optional": true
                    }
                  },
                  "description_kind": "plain"
                }
              }
            },
            "description_kind": "plain"
          }
        },
        "azurestack_lb": {
          "version": 0,
          "block": {
            "attributes": {
              "id": {
                "type": "string",
                "description_kind": "plain",
                "optional": true,
                "computed": true
              },
              "location": {
                "type": "string",
                "description_kind": "plain",
                "required": true
              },
              "name": {
                "type": "string",
                "description_kind": "plain",
                "required": true
              },
              "private_ip_address": {
                "type": "string",
                "description_kind": "plain",
                "computed": true
              },
              "private_ip_addresses": {
                "type": [
                  "list",
                  "string"
                ],
                "description_kind": "plain",
                "computed": true
              },
              "resource_group_name": {
                "type": "string",
                "description_kind": "plain",
                "required": true
              },
              "sku": {
                "type": "string",
                "description_kind": "plain",
                "optional": true
              },
              "tags": {
                "type": [
                  "map",
                  "string"
                ],
                "description_kind": "plain",
                "optional": true
              }
            },
            "block_types": {
              "frontend_ip_configuration": {
                "nesting_mode": "list",
                "block": {
                  "attributes": {
                    "id": {
                      "type": "string",
                      "description_kind": "plain",
                      "computed": true
                    },
                    "inbound_nat_rules": {
                      "type": [
                        "set",
                        "string"
                      ],
                      "description_kind": "plain",
                      "computed": true
                    },
                    "load_balancer_rules": {
                      "type": [
                        "set",
                        "string"
                      ],
                      "description_kind": "plain",
                      "computed": true
                    },
                    "name": {
                      "type": "string",
                      "description_kind": "plain",
                      "required": true
                    },
                    "private_ip_address": {
                      "type": "string",
                      "description_kind": "plain",
                      "optional": true,
                      "computed": true
                    },
                    "private_ip_address_allocation": {
                      "type": "string",
                      "description_kind": "plain",
                      "optional": true,
                      "computed": true
                    },
                    "public_ip_address_id": {
                      "type": "string",
                      "description_kind": "plain",
                      "optional": true,
                      "computed": true
                    },
                    "subnet_id": {
                      "type": "string",
                      "description_kind": "plain",
                      "optional": true,
                      "computed": true
                    }
                  },
                  "description_kind": "plain"
                }
              },
              "timeouts": {
                "nesting_mode": "single",
                "block": {
                  "attributes": {
                    "create": {
                      "type": "string",
                      "description_kind": "plain",
                      "optional": true
                    },
                    "delete": {
                      "type": "string",
                      "description_kind": "plain",
                      "optional": true
                    },
                    "read": {
                      "type": "string",
                      "description_kind": "plain",
                      "optional": true
                    },
                    "update": {
                      "type": "string",
                      "description_kind": "plain",
                      "optional": true
                    }
                  },
                  "description_kind": "plain"
                }
              }
            },
            "description_kind": "plain"
          }
        },
        "azurestack_lb_backend_address_pool": {
          "version": 0,
          "block": {
            "attributes": {
              "backend_ip_configurations": {
                "type": [
                  "list",
                  "string"
                ],
                "description_kind": "plain",
                "computed": true
              },
              "id": {
                "type": "string",
                "description_kind": "plain",
                "optional": true,
                "computed": true
              },
              "load_balancing_rules": {
                "type": [
                  "list",
                  "string"
                ],
                "description_kind": "plain",
                "computed": true
              },
              "loadbalancer_id": {
                "type": "string",
                "description_kind": "plain",
                "required": true
              },
              "name": {
                "type": "string",
                "description_kind": "plain",
                "required": true
              },
              "resource_group_name": {
                "type": "string",
                "description_kind": "plain",
                "deprecated": true,
                "optional": true,
                "computed": true
              }
            },
            "block_types": {
              "timeouts": {
                "nesting_mode": "single",
                "block": {
                  "attributes": {
                    "create": {
                      "type": "string",
                      "description_kind": "plain",
                      "optional": true
                    },
                    "delete": {
                      "type": "string",
                      "description_kind": "plain",
                      "optional": true
                    },
                    "read": {
                      "type": "string",
                      "description_kind": "plain",
                      "optional": true
                    },
                    "update": {
                      "type": "string",
                      "description_kind": "plain",
                      "optional": true
                    }
                  },
                  "description_kind": "plain"
                }
              }
            },
            "description_kind": "plain"
          }
        },
        "azurestack_lb_nat_pool": {
          "version": 0,
          "block": {
            "attributes": {
              "backend_port": {
                "type": "number",
                "description_kind": "plain",
                "required": true
              },
              "frontend_ip_configuration_id": {
                "type": "string",
                "description_kind": "plain",
                "computed": true
              },
              "frontend_ip_configuration_name": {
                "type": "string",
                "description_kind": "plain",
                "required": true
              },
              "frontend_port_end": {
                "type": "number",
                "description_kind": "plain",
                "required": true
              },
              "frontend_port_start": {
                "type": "number",
                "description_kind": "plain",
                "required": true
              },
              "id": {
                "type": "string",
                "description_kind": "plain",
                "optional": true,
                "computed": true
              },
              "loadbalancer_id": {
                "type": "string",
                "description_kind": "plain",
                "required": true
              },
              "name": {
                "type": "string",
                "description_kind": "plain",
                "required": true
              },
              "protocol": {
                "type": "string",
                "description_kind": "plain",
                "required": true
              },
              "resource_group_name": {
                "type": "string",
                "description_kind": "plain",
                "required": true
              }
            },
            "block_types": {
              "timeouts": {
                "nesting_mode": "single",
                "block": {
                  "attributes": {
                    "create": {
                      "type": "string",
                      "description_kind": "plain",
                      "optional": true
                    },
                    "delete": {
                      "type": "string",
                      "description_kind": "plain",
                      "optional": true
                    },
                    "read": {
                      "type": "string",
                      "description_kind": "plain",
                      "optional": true
                    },
                    "update": {
                      "type": "string",
                      "description_kind": "plain",
                      "optional": true
                    }
                  },
                  "description_kind": "plain"
                }
              }
            },
            "description_kind": "plain"
          }
        },
        "azurestack_lb_nat_rule": {
          "version": 0,
          "block": {
            "attributes": {
              "backend_ip_configuration_id": {
                "type": "string",
                "description_kind": "plain",
                "computed": true
              },
              "backend_port": {
                "type": "number",
                "description_kind": "plain",
                "required": true
              },
              "enable_floating_ip": {
                "type": "bool",
                "description_kind": "plain",
                "optional": true,
                "computed": true
              },
              "frontend_ip_configuration_id": {
                "type": "string",
                "description_kind": "plain",
                "computed": true
              },
              "frontend_ip_configuration_name": {
                "type": "string",
                "description_kind": "plain",
                "required": true
              },
              "frontend_port": {
                "type": "number",
                "description_kind": "plain",
                "required": true
              },
              "id": {
                "type": "string",
                "description_kind": "plain",
                "optional": true,
                "computed": true
              },
              "idle_timeout_in_minutes": {
                "type": "number",
                "description_kind": "plain",
                "optional": true,
                "computed": true
              },
              "loadbalancer_id": {
                "type": "string",
                "description_kind": "plain",
                "required": true
              },
              "name": {
                "type": "string",
                "description_kind": "plain",
                "required": true
              },
              "protocol": {
                "type": "string",
                "description_kind": "plain",
                "required": true
              },
              "resource_group_name": {
                "type": "string",
                "description_kind": "plain",
                "required": true
              }
            },
            "block_types": {
              "timeouts": {
                "nesting_mode": "single",
                "block": {
                  "attributes": {
                    "create": {
                      "type": "string",
                      "description_kind": "plain",
                      "optional": true
                    },
                    "delete": {
                      "type": "string",
                      "description_kind": "plain",
                      "optional": true
                    },
                    "read": {
                      "type": "string",
                      "description_kind": "plain",
                      "optional": true
                    },
                    "update": {
                      "type": "string",
                      "description_kind": "plain",
                      "optional": true
                    }
                  },
                  "description_kind": "plain"
                }
              }
            },
            "description_kind": "plain"
          }
        },
        "azurestack_lb_probe": {
          "version": 0,
          "block": {
            "attributes": {
              "id": {
                "type": "string",
                "description_kind": "plain",
                "optional": true,
                "computed": true
              },
              "interval_in_seconds": {
                "type": "number",
                "description_kind": "plain",
                "optional": true
              },
              "load_balancer_rules": {
                "type": [
                  "set",
                  "string"
                ],
                "description_kind": "plain",
                "computed": true
              },
              "loadbalancer_id": {
                "type": "string",
                "description_kind": "plain",
                "required": true
              },
              "name": {
                "type": "string",
                "description_kind": "plain",
                "required": true
              },
              "number_of_probes": {
                "type": "number",
                "description_kind": "plain",
                "optional": true
              },
              "port": {
                "type": "number",
                "description_kind": "plain",
                "required": true
              },
              "protocol": {
                "type": "string",
                "description_kind": "plain",
                "optional": true,
                "computed": true
              },
              "request_path": {
                "type": "string",
                "description_kind": "plain",
                "optional": true
              },
              "resource_group_name": {
                "type": "string",
                "description_kind": "plain",
                "required": true
              }
            },
            "block_types": {
              "timeouts": {
                "nesting_mode": "single",
                "block": {
                  "attributes": {
                    "create": {
                      "type": "string",
                      "description_kind": "plain",
                      "optional": true
                    },
                    "delete": {
                      "type": "string",
                      "description_kind": "plain",
                      "optional": true
                    },
                    "read": {
                      "type": "string",
                      "description_kind": "plain",
                      "optional": true
                    },
                    "update": {
                      "type": "string",
                      "description_kind": "plain",
                      "optional": true
                    }
                  },
                  "description_kind": "plain"
                }
              }
            },
            "description_kind": "plain"
          }
        },
        "azurestack_lb_rule": {
          "version": 0,
          "block": {
            "attributes": {
              "backend_address_pool_id": {
                "type": "string",
                "description_kind": "plain",
                "optional": true,
                "computed": true
              },
              "backend_port": {
                "type": "number",
                "description_kind": "plain",
                "required": true
              },
              "disable_outbound_snat": {
                "type": "bool",
                "description_kind": "plain",
                "optional": true
              },
              "enable_floating_ip": {
                "type": "bool",
                "description_kind": "plain",
                "optional": true
              },
              "frontend_ip_configuration_id": {
                "type": "string",
                "description_kind": "plain",
                "computed": true
              },
              "frontend_ip_configuration_name": {
                "type": "string",
                "description_kind": "plain",
                "required": true
              },
              "frontend_port": {
                "type": "number",
                "description_kind": "plain",
                "required": true
              },
              "id": {
                "type": "string",
                "description_kind": "plain",
                "optional": true,
                "computed": true
              },
              "idle_timeout_in_minutes": {
                "type": "number",
                "description_kind": "plain",
                "optional": true,
                "computed": true
              },
              "load_distribution": {
                "type": "string",
                "description_kind": "plain",
                "optional": true,
                "computed": true
              },
              "loadbalancer_id": {
                "type": "string",
                "description_kind": "plain",
                "required": true
              },
              "name": {
                "type": "string",
                "description_kind": "plain",
                "required": true
              },
              "probe_id": {
                "type": "string",
                "description_kind": "plain",
                "optional": true,
                "computed": true
              },
              "protocol": {
                "type": "string",
                "description_kind": "plain",
                "required": true
              },
              "resource_group_name": {
                "type": "string",
                "description_kind": "plain",
                "required": true
              }
            },
            "block_types": {
              "timeouts": {
                "nesting_mode": "single",
                "block": {
                  "attributes": {
                    "create": {
                      "type": "string",
                      "description_kind": "plain",
                      "optional": true
                    },
                    "delete": {
                      "type": "string",
                      "description_kind": "plain",
                      "optional": true
                    },
                    "read": {
                      "type": "string",
                      "description_kind": "plain",
                      "optional": true
                    },
                    "update": {
                      "type": "string",
                      "description_kind": "plain",
                      "optional": true
                    }
                  },
                  "description_kind": "plain"
                }
              }
            },
            "description_kind": "plain"
          }
        },
        "azurestack_linux_virtual_machine": {
          "version": 0,
          "block": {
            "attributes": {
              "admin_password": {
                "type": "string",
                "description_kind": "plain",
                "optional": true,
                "sensitive": true
              },
              "admin_username": {
                "type": "string",
                "description_kind": "plain",
                "required": true
              },
              "allow_extension_operations": {
                "type": "bool",
                "description_kind": "plain",
                "optional": true
              },
              "availability_set_id": {
                "type": "string",
                "description_kind": "plain",
                "optional": true
              },
              "computer_name": {
                "type": "string",
                "description_kind": "plain",
                "optional": true,
                "computed": true
              },
              "custom_data": {
                "type": "string",
                "description_kind": "plain",
                "optional": true,
                "sensitive": true
              },
              "disable_password_authentication": {
                "type": "bool",
                "description_kind": "plain",
                "optional": true
              },
              "encryption_at_host_enabled": {
                "type": "bool",
                "description_kind": "plain",
                "optional": true
              },
              "eviction_policy": {
                "type": "string",
                "description_kind": "plain",
                "optional": true
              },
              "extensions_time_budget": {
                "type": "string",
                "description_kind": "plain",
                "optional": true
              },
              "id": {
                "type": "string",
                "description_kind": "plain",
                "optional": true,
                "computed": true
              },
              "license_type": {
                "type": "string",
                "description_kind": "plain",
                "optional": true
              },
              "location": {
                "type": "string",
                "description_kind": "plain",
                "required": true
              },
              "max_bid_price": {
                "type": "number",
                "description_kind": "plain",
                "optional": true
              },
              "name": {
                "type": "string",
                "description_kind": "plain",
                "required": true
              },
              "network_interface_ids": {
                "type": [
                  "list",
                  "string"
                ],
                "description_kind": "plain",
                "required": true
              },
              "priority": {
                "type": "string",
                "description_kind": "plain",
                "optional": true
              },
              "private_ip_address": {
                "type": "string",
                "description_kind": "plain",
                "computed": true
              },
              "private_ip_addresses": {
                "type": [
                  "list",
                  "string"
                ],
                "description_kind": "plain",
                "computed": true
              },
              "provision_vm_agent": {
                "type": "bool",
                "description_kind": "plain",
                "optional": true
              },
              "public_ip_address": {
                "type": "string",
                "description_kind": "plain",
                "computed": true
              },
              "public_ip_addresses": {
                "type": [
                  "list",
                  "string"
                ],
                "description_kind": "plain",
                "computed": true
              },
              "resource_group_name": {
                "type": "string",
                "description_kind": "plain",
                "required": true
              },
              "size": {
                "type": "string",
                "description_kind": "plain",
                "required": true
              },
              "source_image_id": {
                "type": "string",
                "description_kind": "plain",
                "optional": true
              },
              "tags": {
                "type": [
                  "map",
                  "string"
                ],
                "description_kind": "plain",
                "optional": true
              },
              "virtual_machine_id": {
                "type": "string",
                "description_kind": "plain",
                "computed": true
              },
              "virtual_machine_scale_set_id": {
                "type": "string",
                "description_kind": "plain",
                "optional": true
              },
              "zone": {
                "type": "string",
                "description_kind": "plain",
                "optional": true,
                "computed": true
              }
            },
            "block_types": {
              "additional_capabilities": {
                "nesting_mode": "list",
                "block": {
                  "attributes": {
                    "ultra_ssd_enabled": {
                      "type": "bool",
                      "description_kind": "plain",
                      "optional": true
                    }
                  },
                  "description_kind": "plain"
                },
                "max_items": 1
              },
              "admin_ssh_key": {
                "nesting_mode": "set",
                "block": {
                  "attributes": {
                    "public_key": {
                      "type": "string",
                      "description_kind": "plain",
                      "required": true
                    },
                    "username": {
                      "type": "string",
                      "description_kind": "plain",
                      "required": true
                    }
                  },
                  "description_kind": "plain"
                }
              },
              "boot_diagnostics": {
                "nesting_mode": "list",
                "block": {
                  "attributes": {
                    "storage_account_uri": {
                      "type": "string",
                      "description_kind": "plain",
                      "required": true
                    }
                  },
                  "description_kind": "plain"
                },
                "max_items": 1
              },
              "os_disk": {
                "nesting_mode": "list",
                "block": {
                  "attributes": {
                    "caching": {
                      "type": "string",
                      "description_kind": "plain",
                      "required": true
                    },
                    "disk_encryption_set_id": {
                      "type": "string",
                      "description_kind": "plain",
                      "optional": true
                    },
                    "disk_size_gb": {
                      "type": "number",
                      "description_kind": "plain",
                      "optional": true,
                      "computed": true
                    },
                    "name": {
                      "type": "string",
                      "description_kind": "plain",
                      "optional": true,
                      "computed": true
                    },
                    "storage_account_type": {
                      "type": "string",
                      "description_kind": "plain",
                      "required": true
                    },
                    "write_accelerator_enabled": {
                      "type": "bool",
                      "description_kind": "plain",
                      "optional": true
                    }
                  },
                  "block_types": {
                    "diff_disk_settings": {
                      "nesting_mode": "list",
                      "block": {
                        "attributes": {
                          "option": {
                            "type": "string",
                            "description_kind": "plain",
                            "required": true
                          }
                        },
                        "description_kind": "plain"
                      },
                      "max_items": 1
                    }
                  },
                  "description_kind": "plain"
                },
                "min_items": 1,
                "max_items": 1
              },
              "plan": {
                "nesting_mode": "list",
                "block": {
                  "attributes": {
                    "name": {
                      "type": "string",
                      "description_kind": "plain",
                      "required": true
                    },
                    "product": {
                      "type": "string",
                      "description_kind": "plain",
                      "required": true
                    },
                    "publisher": {
                      "type": "string",
                      "description_kind": "plain",
                      "required": true
                    }
                  },
                  "description_kind": "plain"
                },
                "max_items": 1
              },
              "secret": {
                "nesting_mode": "list",
                "block": {
                  "attributes": {
                    "key_vault_id": {
                      "type": "string",
                      "description_kind": "plain",
                      "required": true
                    }
                  },
                  "block_types": {
                    "certificate": {
                      "nesting_mode": "set",
                      "block": {
                        "description_kind": "plain"
                      },
                      "min_items": 1
                    }
                  },
                  "description_kind": "plain"
                }
              },
              "source_image_reference": {
                "nesting_mode": "list",
                "block": {
                  "attributes": {
                    "offer": {
                      "type": "string",
                      "description_kind": "plain",
                      "required": true
                    },
                    "publisher": {
                      "type": "string",
                      "description_kind": "plain",
                      "required": true
                    },
                    "sku": {
                      "type": "string",
                      "description_kind": "plain",
                      "required": true
                    },
                    "version": {
                      "type": "string",
                      "description_kind": "plain",
                      "required": true
                    }
                  },
                  "description_kind": "plain"
                },
                "max_items": 1
              },
              "timeouts": {
                "nesting_mode": "single",
                "block": {
                  "attributes": {
                    "create": {
                      "type": "string",
                      "description_kind": "plain",
                      "optional": true
                    },
                    "delete": {
                      "type": "string",
                      "description_kind": "plain",
                      "optional": true
                    },
                    "read": {
                      "type": "string",
                      "description_kind": "plain",
                      "optional": true
                    },
                    "update": {
                      "type": "string",
                      "description_kind": "plain",
                      "optional": true
                    }
                  },
                  "description_kind": "plain"
                }
              }
            },
            "description_kind": "plain"
          }
        },
        "azurestack_linux_virtual_machine_scale_set": {
          "version": 0,
          "block": {
            "attributes": {
              "admin_password": {
                "type": "string",
                "description_kind": "plain",
                "optional": true,
                "sensitive": true
              },
              "admin_username": {
                "type": "string",
                "description_kind": "plain",
                "required": true
              },
              "computer_name_prefix": {
                "type": "string",
                "description_kind": "plain",
                "optional": true,
                "computed": true
              },
              "custom_data": {
                "type": "string",
                "description_kind": "plain",
                "optional": true,
                "sensitive": true
              },
              "disable_password_authentication": {
                "type": "bool",
                "description_kind": "plain",
                "optional": true
              },
              "do_not_run_extensions_on_overprovisioned_machines": {
                "type": "bool",
                "description_kind": "plain",
                "optional": true
              },
              "encryption_at_host_enabled": {
                "type": "bool",
                "description_kind": "plain",
                "optional": true
              },
              "health_probe_id": {
                "type": "string",
                "description_kind": "plain",
                "optional": true
              },
              "id": {
                "type": "string",
                "description_kind": "plain",
                "optional": true,
                "computed": true
              },
              "instances": {
                "type": "number",
                "description_kind": "plain",
                "required": true
              },
              "location": {
                "type": "string",
                "description_kind": "plain",
                "required": true
              },
              "name": {
                "type": "string",
                "description_kind": "plain",
                "required": true
              },
              "overprovision": {
                "type": "bool",
                "description_kind": "plain",
                "optional": true
              },
              "platform_fault_domain_count": {
                "type": "number",
                "description_kind": "plain",
                "optional": true,
                "computed": true
              },
              "provision_vm_agent": {
                "type": "bool",
                "description_kind": "plain",
                "optional": true
              },
              "resource_group_name": {
                "type": "string",
                "description_kind": "plain",
                "required": true
              },
              "scale_in_policy": {
                "type": "string",
                "description_kind": "plain",
                "optional": true
              },
              "single_placement_group": {
                "type": "bool",
                "description_kind": "plain",
                "optional": true
              },
              "sku": {
                "type": "string",
                "description_kind": "plain",
                "required": true
              },
              "source_image_id": {
                "type": "string",
                "description_kind": "plain",
                "optional": true
              },
              "tags": {
                "type": [
                  "map",
                  "string"
                ],
                "description_kind": "plain",
                "optional": true
              },
              "unique_id": {
                "type": "string",
                "description_kind": "plain",
                "computed": true
              },
              "upgrade_mode": {
                "type": "string",
                "description_kind": "plain",
                "optional": true
              }
            },
            "block_types": {
              "additional_capabilities": {
                "nesting_mode": "list",
                "block": {
                  "attributes": {
                    "ultra_ssd_enabled": {
                      "type": "bool",
                      "description_kind": "plain",
                      "optional": true
                    }
                  },
                  "description_kind": "plain"
                },
                "max_items": 1
              },
              "admin_ssh_key": {
                "nesting_mode": "set",
                "block": {
                  "attributes": {
                    "public_key": {
                      "type": "string",
                      "description_kind": "plain",
                      "required": true
                    },
                    "username": {
                      "type": "string",
                      "description_kind": "plain",
                      "required": true
                    }
                  },
                  "description_kind": "plain"
                }
              },
              "automatic_instance_repair": {
                "nesting_mode": "list",
                "block": {
                  "attributes": {
                    "enabled": {
                      "type": "bool",
                      "description_kind": "plain",
                      "required": true
                    },
                    "grace_period": {
                      "type": "string",
                      "description_kind": "plain",
                      "optional": true
                    }
                  },
                  "description_kind": "plain"
                },
                "max_items": 1
              },
              "automatic_os_upgrade_policy": {
                "nesting_mode": "list",
                "block": {
                  "attributes": {
                    "disable_automatic_rollback": {
                      "type": "bool",
                      "description_kind": "plain",
                      "required": true
                    },
                    "enable_automatic_os_upgrade": {
                      "type": "bool",
                      "description_kind": "plain",
                      "required": true
                    }
                  },
                  "description_kind": "plain"
                },
                "max_items": 1
              },
              "boot_diagnostics": {
                "nesting_mode": "list",
                "block": {
                  "attributes": {
                    "storage_account_uri": {
                      "type": "string",
                      "description_kind": "plain",
                      "required": true
                    }
                  },
                  "description_kind": "plain"
                },
                "max_items": 1
              },
              "data_disk": {
                "nesting_mode": "list",
                "block": {
                  "attributes": {
                    "caching": {
                      "type": "string",
                      "description_kind": "plain",
                      "required": true
                    },
                    "create_option": {
                      "type": "string",
                      "description_kind": "plain",
                      "optional": true
                    },
                    "disk_encryption_set_id": {
                      "type": "string",
                      "description_kind": "plain",
                      "optional": true
                    },
                    "disk_size_gb": {
                      "type": "number",
                      "description_kind": "plain",
                      "required": true
                    },
                    "lun": {
                      "type": "number",
                      "description_kind": "plain",
                      "required": true
                    },
                    "storage_account_type": {
                      "type": "string",
                      "description_kind": "plain",
                      "required": true
                    },
                    "write_accelerator_enabled": {
                      "type": "bool",
                      "description_kind": "plain",
                      "optional": true
                    }
                  },
                  "description_kind": "plain"
                }
              },
              "extension": {
                "nesting_mode": "set",
                "block": {
                  "attributes": {
                    "auto_upgrade_minor_version": {
                      "type": "bool",
                      "description_kind": "plain",
                      "optional": true
                    },
                    "automatic_upgrade_enabled": {
                      "type": "bool",
                      "description_kind": "plain",
                      "optional": true
                    },
                    "force_update_tag": {
                      "type": "string",
                      "description_kind": "plain",
                      "optional": true
                    },
                    "name": {
                      "type": "string",
                      "description_kind": "plain",
                      "required": true
                    },
                    "protected_settings": {
                      "type": "string",
                      "description_kind": "plain",
                      "optional": true,
                      "sensitive": true
                    },
                    "provision_after_extensions": {
                      "type": [
                        "list",
                        "string"
                      ],
                      "description_kind": "plain",
                      "optional": true
                    },
                    "publisher": {
                      "type": "string",
                      "description_kind": "plain",
                      "required": true
                    },
                    "settings": {
                      "type": "string",
                      "description_kind": "plain",
                      "optional": true
                    },
                    "type": {
                      "type": "string",
                      "description_kind": "plain",
                      "required": true
                    },
                    "type_handler_version": {
                      "type": "string",
                      "description_kind": "plain",
                      "required": true
                    }
                  },
                  "description_kind": "plain"
                }
              },
              "network_interface": {
                "nesting_mode": "list",
                "block": {
                  "attributes": {
                    "dns_servers": {
                      "type": [
                        "list",
                        "string"
                      ],
                      "description_kind": "plain",
                      "optional": true
                    },
                    "enable_ip_forwarding": {
                      "type": "bool",
                      "description_kind": "plain",
                      "optional": true
                    },
                    "name": {
                      "type": "string",
                      "description_kind": "plain",
                      "required": true
                    },
                    "network_security_group_id": {
                      "type": "string",
                      "description_kind": "plain",
                      "optional": true
                    },
                    "primary": {
                      "type": "bool",
                      "description_kind": "plain",
                      "optional": true
                    }
                  },
                  "block_types": {
                    "ip_configuration": {
                      "nesting_mode": "list",
                      "block": {
                        "attributes": {
                          "load_balancer_backend_address_pool_ids": {
                            "type": [
                              "set",
                              "string"
                            ],
                            "description_kind": "plain",
                            "optional": true
                          },
                          "load_balancer_inbound_nat_rules_ids": {
                            "type": [
                              "set",
                              "string"
                            ],
                            "description_kind": "plain",
                            "optional": true
                          },
                          "name": {
                            "type": "string",
                            "description_kind": "plain",
                            "required": true
                          },
                          "primary": {
                            "type": "bool",
                            "description_kind": "plain",
                            "optional": true
                          },
                          "subnet_id": {
                            "type": "string",
                            "description_kind": "plain",
                            "optional": true
                          },
                          "version": {
                            "type": "string",
                            "description_kind": "plain",
                            "optional": true
                          }
                        },
                        "description_kind": "plain"
                      },
                      "min_items": 1
                    }
                  },
                  "description_kind": "plain"
                },
                "min_items": 1
              },
              "os_disk": {
                "nesting_mode": "list",
                "block": {
                  "attributes": {
                    "caching": {
                      "type": "string",
                      "description_kind": "plain",
                      "required": true
                    },
                    "disk_encryption_set_id": {
                      "type": "string",
                      "description_kind": "plain",
                      "optional": true
                    },
                    "disk_size_gb": {
                      "type": "number",
                      "description_kind": "plain",
                      "optional": true,
                      "computed": true
                    },
                    "storage_account_type": {
                      "type": "string",
                      "description_kind": "plain",
                      "required": true
                    },
                    "write_accelerator_enabled": {
                      "type": "bool",
                      "description_kind": "plain",
                      "optional": true
                    }
                  },
                  "block_types": {
                    "diff_disk_settings": {
                      "nesting_mode": "list",
                      "block": {
                        "attributes": {
                          "option": {
                            "type": "string",
                            "description_kind": "plain",
                            "required": true
                          }
                        },
                        "description_kind": "plain"
                      },
                      "max_items": 1
                    }
                  },
                  "description_kind": "plain"
                },
                "min_items": 1,
                "max_items": 1
              },
              "plan": {
                "nesting_mode": "list",
                "block": {
                  "attributes": {
                    "name": {
                      "type": "string",
                      "description_kind": "plain",
                      "required": true
                    },
                    "product": {
                      "type": "string",
                      "description_kind": "plain",
                      "required": true
                    },
                    "publisher": {
                      "type": "string",
                      "description_kind": "plain",
                      "required": true
                    }
                  },
                  "description_kind": "plain"
                },
                "max_items": 1
              },
              "secret": {
                "nesting_mode": "list",
                "block": {
                  "attributes": {
                    "key_vault_id": {
                      "type": "string",
                      "description_kind": "plain",
                      "required": true
                    }
                  },
                  "block_types": {
                    "certificate": {
                      "nesting_mode": "set",
                      "block": {
                        "description_kind": "plain"
                      },
                      "min_items": 1
                    }
                  },
                  "description_kind": "plain"
                }
              },
              "source_image_reference": {
                "nesting_mode": "list",
                "block": {
                  "attributes": {
                    "offer": {
                      "type": "string",
                      "description_kind": "plain",
                      "required": true
                    },
                    "publisher": {
                      "type": "string",
                      "description_kind": "plain",
                      "required": true
                    },
                    "sku": {
                      "type": "string",
                      "description_kind": "plain",
                      "required": true
                    },
                    "version": {
                      "type": "string",
                      "description_kind": "plain",
                      "required": true
                    }
                  },
                  "description_kind": "plain"
                },
                "max_items": 1
              },
              "terminate_notification": {
                "nesting_mode": "list",
                "block": {
                  "attributes": {
                    "enabled": {
                      "type": "bool",
                      "description_kind": "plain",
                      "required": true
                    },
                    "timeout": {
                      "type": "string",
                      "description_kind": "plain",
                      "optional": true
                    }
                  },
                  "description_kind": "plain"
                },
                "max_items": 1
              },
              "timeouts": {
                "nesting_mode": "single",
                "block": {
                  "attributes": {
                    "create": {
                      "type": "string",
                      "description_kind": "plain",
                      "optional": true
                    },
                    "delete": {
                      "type": "string",
                      "description_kind": "plain",
                      "optional": true
                    },
                    "read": {
                      "type": "string",
                      "description_kind": "plain",
                      "optional": true
                    },
                    "update": {
                      "type": "string",
                      "description_kind": "plain",
                      "optional": true
                    }
                  },
                  "description_kind": "plain"
                }
              }
            },
            "description_kind": "plain"
          }
        },
        "azurestack_local_network_gateway": {
          "version": 0,
          "block": {
            "attributes": {
              "address_space": {
                "type": [
                  "list",
                  "string"
                ],
                "description_kind": "plain",
                "optional": true
              },
              "gateway_address": {
                "type": "string",
                "description_kind": "plain",
                "required": true
              },
              "id": {
                "type": "string",
                "description_kind": "plain",
                "optional": true,
                "computed": true
              },
              "location": {
                "type": "string",
                "description_kind": "plain",
                "required": true
              },
              "name": {
                "type": "string",
                "description_kind": "plain",
                "required": true
              },
              "resource_group_name": {
                "type": "string",
                "description_kind": "plain",
                "required": true
              },
              "tags": {
                "type": [
                  "map",
                  "string"
                ],
                "description_kind": "plain",
                "optional": true
              }
            },
            "block_types": {
              "bgp_settings": {
                "nesting_mode": "list",
                "block": {
                  "attributes": {
                    "asn": {
                      "type": "number",
                      "description_kind": "plain",
                      "required": true
                    },
                    "bgp_peering_address": {
                      "type": "string",
                      "description_kind": "plain",
                      "required": true
                    },
                    "peer_weight": {
                      "type": "number",
                      "description_kind": "plain",
                      "optional": true,
                      "computed": true
                    }
                  },
                  "description_kind": "plain"
                },
                "max_items": 1
              },
              "timeouts": {
                "nesting_mode": "single",
                "block": {
                  "attributes": {
                    "create": {
                      "type": "string",
                      "description_kind": "plain",
                      "optional": true
                    },
                    "delete": {
                      "type": "string",
                      "description_kind": "plain",
                      "optional": true
                    },
                    "read": {
                      "type": "string",
                      "description_kind": "plain",
                      "optional": true
                    },
                    "update": {
                      "type": "string",
                      "description_kind": "plain",
                      "optional": true
                    }
                  },
                  "description_kind": "plain"
                }
              }
            },
            "description_kind": "plain"
          }
        },
        "azurestack_managed_disk": {
          "version": 0,
          "block": {
            "attributes": {
              "create_option": {
                "type": "string",
                "description_kind": "plain",
                "required": true
              },
              "disk_size_gb": {
                "type": "number",
                "description_kind": "plain",
                "optional": true,
                "computed": true
              },
              "hyper_v_generation": {
                "type": "string",
                "description_kind": "plain",
                "optional": true
              },
              "id": {
                "type": "string",
                "description_kind": "plain",
                "optional": true,
                "computed": true
              },
              "image_reference_id": {
                "type": "string",
                "description_kind": "plain",
                "optional": true
              },
              "location": {
                "type": "string",
                "description_kind": "plain",
                "required": true
              },
              "name": {
                "type": "string",
                "description_kind": "plain",
                "required": true
              },
              "os_type": {
                "type": "string",
                "description_kind": "plain",
                "optional": true
              },
              "resource_group_name": {
                "type": "string",
                "description_kind": "plain",
                "required": true
              },
              "source_resource_id": {
                "type": "string",
                "description_kind": "plain",
                "optional": true
              },
              "source_uri": {
                "type": "string",
                "description_kind": "plain",
                "optional": true,
                "computed": true
              },
              "storage_account_id": {
                "type": "string",
                "description_kind": "plain",
                "optional": true
              },
              "storage_account_type": {
                "type": "string",
                "description_kind": "plain",
                "required": true
              },
              "tags": {
                "type": [
                  "map",
                  "string"
                ],
                "description_kind": "plain",
                "optional": true
              }
            },
            "block_types": {
              "encryption": {
                "nesting_mode": "list",
                "block": {
                  "attributes": {
                    "enabled": {
                      "type": "bool",
                      "description_kind": "plain",
                      "required": true
                    }
                  },
                  "block_types": {
                    "disk_encryption_key": {
                      "nesting_mode": "list",
                      "block": {
                        "attributes": {
                          "secret_url": {
                            "type": "string",
                            "description_kind": "plain",
                            "required": true
                          },
                          "source_vault_id": {
                            "type": "string",
                            "description_kind": "plain",
                            "required": true
                          }
                        },
                        "description_kind": "plain"
                      },
                      "max_items": 1
                    },
                    "key_encryption_key": {
                      "nesting_mode": "list",
                      "block": {
                        "attributes": {
                          "key_url": {
                            "type": "string",
                            "description_kind": "plain",
                            "required": true
                          },
                          "source_vault_id": {
                            "type": "string",
                            "description_kind": "plain",
                            "required": true
                          }
                        },
                        "description_kind": "plain"
                      },
                      "max_items": 1
                    }
                  },
                  "description_kind": "plain"
                },
                "max_items": 1
              },
              "timeouts": {
                "nesting_mode": "single",
                "block": {
                  "attributes": {
                    "create": {
                      "type": "string",
                      "description_kind": "plain",
                      "optional": true
                    },
                    "delete": {
                      "type": "string",
                      "description_kind": "plain",
                      "optional": true
                    },
                    "read": {
                      "type": "string",
                      "description_kind": "plain",
                      "optional": true
                    },
                    "update": {
                      "type": "string",
                      "description_kind": "plain",
                      "optional": true
                    }
                  },
                  "description_kind": "plain"
                }
              }
            },
            "description_kind": "plain"
          }
        },
        "azurestack_network_interface": {
          "version": 0,
          "block": {
            "attributes": {
              "applied_dns_servers": {
                "type": [
                  "list",
                  "string"
                ],
                "description_kind": "plain",
                "computed": true
              },
              "dns_servers": {
                "type": [
                  "list",
                  "string"
                ],
                "description_kind": "plain",
                "optional": true,
                "computed": true
              },
              "enable_ip_forwarding": {
                "type": "bool",
                "description_kind": "plain",
                "optional": true
              },
              "id": {
                "type": "string",
                "description_kind": "plain",
                "optional": true,
                "computed": true
              },
              "internal_domain_name_suffix": {
                "type": "string",
                "description_kind": "plain",
                "computed": true
              },
              "location": {
                "type": "string",
                "description_kind": "plain",
                "required": true
              },
              "mac_address": {
                "type": "string",
                "description_kind": "plain",
                "computed": true
              },
              "name": {
                "type": "string",
                "description_kind": "plain",
                "required": true
              },
              "private_ip_address": {
                "type": "string",
                "description_kind": "plain",
                "computed": true
              },
              "private_ip_addresses": {
                "type": [
                  "list",
                  "string"
                ],
                "description_kind": "plain",
                "computed": true
              },
              "resource_group_name": {
                "type": "string",
                "description_kind": "plain",
                "required": true
              },
              "tags": {
                "type": [
                  "map",
                  "string"
                ],
                "description_kind": "plain",
                "optional": true
              },
              "virtual_machine_id": {
                "type": "string",
                "description_kind": "plain",
                "computed": true
              }
            },
            "block_types": {
              "ip_configuration": {
                "nesting_mode": "list",
                "block": {
                  "attributes": {
                    "name": {
                      "type": "string",
                      "description_kind": "plain",
                      "required": true
                    },
                    "primary": {
                      "type": "bool",
                      "description_kind": "plain",
                      "optional": true,
                      "computed": true
                    },
                    "private_ip_address": {
                      "type": "string",
                      "description_kind": "plain",
                      "optional": true,
                      "computed": true
                    },
                    "private_ip_address_allocation": {
                      "type": "string",
                      "description_kind": "plain",
                      "required": true
                    },
                    "private_ip_address_version": {
                      "type": "string",
                      "description_kind": "plain",
                      "optional": true
                    },
                    "public_ip_address_id": {
                      "type": "string",
                      "description_kind": "plain",
                      "optional": true
                    },
                    "subnet_id": {
                      "type": "string",
                      "description_kind": "plain",
                      "optional": true
                    }
                  },
                  "description_kind": "plain"
                },
                "min_items": 1
              },
              "timeouts": {
                "nesting_mode": "single",
                "block": {
                  "attributes": {
                    "create": {
                      "type": "string",
                      "description_kind": "plain",
                      "optional": true
                    },
                    "delete": {
                      "type": "string",
                      "description_kind": "plain",
                      "optional": true
                    },
                    "read": {
                      "type": "string",
                      "description_kind": "plain",
                      "optional": true
                    },
                    "update": {
                      "type": "string",
                      "description_kind": "plain",
                      "optional": true
                    }
                  },
                  "description_kind": "plain"
                }
              }
            },
            "description_kind": "plain"
          }
        },
        "azurestack_network_interface_backend_address_pool_association": {
          "version": 0,
          "block": {
            "attributes": {
              "backend_address_pool_id": {
                "type": "string",
                "description_kind": "plain",
                "required": true
              },
              "id": {
                "type": "string",
                "description_kind": "plain",
                "optional": true,
                "computed": true
              },
              "ip_configuration_name": {
                "type": "string",
                "description_kind": "plain",
                "required": true
              },
              "network_interface_id": {
                "type": "string",
                "description_kind": "plain",
                "required": true
              }
            },
            "block_types": {
              "timeouts": {
                "nesting_mode": "single",
                "block": {
                  "attributes": {
                    "create": {
                      "type": "string",
                      "description_kind": "plain",
                      "optional": true
                    },
                    "delete": {
                      "type": "string",
                      "description_kind": "plain",
                      "optional": true
                    },
                    "read": {
                      "type": "string",
                      "description_kind": "plain",
                      "optional": true
                    },
                    "update": {
                      "type": "string",
                      "description_kind": "plain",
                      "optional": true
                    }
                  },
                  "description_kind": "plain"
                }
              }
            },
            "description_kind": "plain"
          }
        },
        "azurestack_network_security_group": {
          "version": 0,
          "block": {
            "attributes": {
              "id": {
                "type": "string",
                "description_kind": "plain",
                "optional": true,
                "computed": true
              },
              "location": {
                "type": "string",
                "description_kind": "plain",
                "required": true
              },
              "name": {
                "type": "string",
                "description_kind": "plain",
                "required": true
              },
              "resource_group_name": {
                "type": "string",
                "description_kind": "plain",
                "required": true
              },
              "security_rule": {
                "type": [
                  "set",
                  [
                    "object",
                    {
                      "access": "string",
                      "description": "string",
                      "destination_address_prefix": "string",
                      "destination_address_prefixes": [
                        "set",
                        "string"
                      ],
                      "destination_port_range": "string",
                      "destination_port_ranges": [
                        "set",
                        "string"
                      ],
                      "direction": "string",
                      "name": "string",
                      "priority": "number",
                      "protocol": "string",
                      "source_address_prefix": "string",
                      "source_address_prefixes": [
                        "set",
                        "string"
                      ],
                      "source_port_range": "string",
                      "source_port_ranges": [
                        "set",
                        "string"
                      ]
                    }
                  ]
                ],
                "description_kind": "plain",
                "optional": true,
                "computed": true
              },
              "tags": {
                "type": [
                  "map",
                  "string"
                ],
                "description_kind": "plain",
                "optional": true
              }
            },
            "block_types": {
              "timeouts": {
                "nesting_mode": "single",
                "block": {
                  "attributes": {
                    "create": {
                      "type": "string",
                      "description_kind": "plain",
                      "optional": true
                    },
                    "delete": {
                      "type": "string",
                      "description_kind": "plain",
                      "optional": true
                    },
                    "read": {
                      "type": "string",
                      "description_kind": "plain",
                      "optional": true
                    },
                    "update": {
                      "type": "string",
                      "description_kind": "plain",
                      "optional": true
                    }
                  },
                  "description_kind": "plain"
                }
              }
            },
            "description_kind": "plain"
          }
        },
        "azurestack_network_security_rule": {
          "version": 0,
          "block": {
            "attributes": {
              "access": {
                "type": "string",
                "description_kind": "plain",
                "required": true
              },
              "description": {
                "type": "string",
                "description_kind": "plain",
                "optional": true
              },
              "destination_address_prefix": {
                "type": "string",
                "description_kind": "plain",
                "optional": true
              },
              "destination_address_prefixes": {
                "type": [
                  "set",
                  "string"
                ],
                "description_kind": "plain",
                "optional": true
              },
              "destination_port_range": {
                "type": "string",
                "description_kind": "plain",
                "optional": true
              },
              "destination_port_ranges": {
                "type": [
                  "set",
                  "string"
                ],
                "description_kind": "plain",
                "optional": true
              },
              "direction": {
                "type": "string",
                "description_kind": "plain",
                "required": true
              },
              "id": {
                "type": "string",
                "description_kind": "plain",
                "optional": true,
                "computed": true
              },
              "name": {
                "type": "string",
                "description_kind": "plain",
                "required": true
              },
              "network_security_group_name": {
                "type": "string",
                "description_kind": "plain",
                "required": true
              },
              "priority": {
                "type": "number",
                "description_kind": "plain",
                "required": true
              },
              "protocol": {
                "type": "string",
                "description_kind": "plain",
                "required": true
              },
              "resource_group_name": {
                "type": "string",
                "description_kind": "plain",
                "required": true
              },
              "source_address_prefix": {
                "type": "string",
                "description_kind": "plain",
                "optional": true
              },
              "source_address_prefixes": {
                "type": [
                  "set",
                  "string"
                ],
                "description_kind": "plain",
                "optional": true
              },
              "source_port_range": {
                "type": "string",
                "description_kind": "plain",
                "optional": true
              },
              "source_port_ranges": {
                "type": [
                  "set",
                  "string"
                ],
                "description_kind": "plain",
                "optional": true
              }
            },
            "block_types": {
              "timeouts": {
                "nesting_mode": "single",
                "block": {
                  "attributes": {
                    "create": {
                      "type": "string",
                      "description_kind": "plain",
                      "optional": true
                    },
                    "delete": {
                      "type": "string",
                      "description_kind": "plain",
                      "optional": true
                    },
                    "read": {
                      "type": "string",
                      "description_kind": "plain",
                      "optional": true
                    },
                    "update": {
                      "type": "string",
                      "description_kind": "plain",
                      "optional": true
                    }
                  },
                  "description_kind": "plain"
                }
              }
            },
            "description_kind": "plain"
          }
        },
        "azurestack_public_ip": {
          "version": 0,
          "block": {
            "attributes": {
              "allocation_method": {
                "type": "string",
                "description_kind": "plain",
                "optional": true,
                "computed": true
              },
              "domain_name_label": {
                "type": "string",
                "description_kind": "plain",
                "optional": true
              },
              "fqdn": {
                "type": "string",
                "description_kind": "plain",
                "computed": true
              },
              "id": {
                "type": "string",
                "description_kind": "plain",
                "optional": true,
                "computed": true
              },
              "idle_timeout_in_minutes": {
                "type": "number",
                "description_kind": "plain",
                "optional": true
              },
              "ip_address": {
                "type": "string",
                "description_kind": "plain",
                "computed": true
              },
              "ip_version": {
                "type": "string",
                "description_kind": "plain",
                "optional": true
              },
              "location": {
                "type": "string",
                "description_kind": "plain",
                "required": true
              },
              "name": {
                "type": "string",
                "description_kind": "plain",
                "required": true
              },
              "public_ip_address_allocation": {
                "type": "string",
                "description_kind": "plain",
                "deprecated": true,
                "optional": true,
                "computed": true
              },
              "resource_group_name": {
                "type": "string",
                "description_kind": "plain",
                "required": true
              },
              "reverse_fqdn": {
                "type": "string",
                "description_kind": "plain",
                "optional": true
              },
              "sku": {
                "type": "string",
                "description_kind": "plain",
                "optional": true
              },
              "tags": {
                "type": [
                  "map",
                  "string"
                ],
                "description_kind": "plain",
                "optional": true
              }
            },
            "block_types": {
              "timeouts": {
                "nesting_mode": "single",
                "block": {
                  "attributes": {
                    "create": {
                      "type": "string",
                      "description_kind": "plain",
                      "optional": true
                    },
                    "delete": {
                      "type": "string",
                      "description_kind": "plain",
                      "optional": true
                    },
                    "read": {
                      "type": "string",
                      "description_kind": "plain",
                      "optional": true
                    },
                    "update": {
                      "type": "string",
                      "description_kind": "plain",
                      "optional": true
                    }
                  },
                  "description_kind": "plain"
                }
              }
            },
            "description_kind": "plain"
          }
        },
        "azurestack_resource_group": {
          "version": 0,
          "block": {
            "attributes": {
              "id": {
                "type": "string",
                "description_kind": "plain",
                "optional": true,
                "computed": true
              },
              "location": {
                "type": "string",
                "description_kind": "plain",
                "required": true
              },
              "name": {
                "type": "string",
                "description_kind": "plain",
                "required": true
              },
              "tags": {
                "type": [
                  "map",
                  "string"
                ],
                "description_kind": "plain",
                "optional": true
              }
            },
            "block_types": {
              "timeouts": {
                "nesting_mode": "single",
                "block": {
                  "attributes": {
                    "create": {
                      "type": "string",
                      "description_kind": "plain",
                      "optional": true
                    },
                    "delete": {
                      "type": "string",
                      "description_kind": "plain",
                      "optional": true
                    },
                    "read": {
                      "type": "string",
                      "description_kind": "plain",
                      "optional": true
                    },
                    "update": {
                      "type": "string",
                      "description_kind": "plain",
                      "optional": true
                    }
                  },
                  "description_kind": "plain"
                }
              }
            },
            "description_kind": "plain"
          }
        },
        "azurestack_route": {
          "version": 0,
          "block": {
            "attributes": {
              "address_prefix": {
                "type": "string",
                "description_kind": "plain",
                "required": true
              },
              "id": {
                "type": "string",
                "description_kind": "plain",
                "optional": true,
                "computed": true
              },
              "name": {
                "type": "string",
                "description_kind": "plain",
                "required": true
              },
              "next_hop_in_ip_address": {
                "type": "string",
                "description_kind": "plain",
                "optional": true
              },
              "next_hop_type": {
                "type": "string",
                "description_kind": "plain",
                "required": true
              },
              "resource_group_name": {
                "type": "string",
                "description_kind": "plain",
                "required": true
              },
              "route_table_name": {
                "type": "string",
                "description_kind": "plain",
                "required": true
              }
            },
            "block_types": {
              "timeouts": {
                "nesting_mode": "single",
                "block": {
                  "attributes": {
                    "create": {
                      "type": "string",
                      "description_kind": "plain",
                      "optional": true
                    },
                    "delete": {
                      "type": "string",
                      "description_kind": "plain",
                      "optional": true
                    },
                    "read": {
                      "type": "string",
                      "description_kind": "plain",
                      "optional": true
                    },
                    "update": {
                      "type": "string",
                      "description_kind": "plain",
                      "optional": true
                    }
                  },
                  "description_kind": "plain"
                }
              }
            },
            "description_kind": "plain"
          }
        },
        "azurestack_route_table": {
          "version": 0,
          "block": {
            "attributes": {
              "disable_bgp_route_propagation": {
                "type": "bool",
                "description_kind": "plain",
                "optional": true
              },
              "id": {
                "type": "string",
                "description_kind": "plain",
                "optional": true,
                "computed": true
              },
              "location": {
                "type": "string",
                "description_kind": "plain",
                "required": true
              },
              "name": {
                "type": "string",
                "description_kind": "plain",
                "required": true
              },
              "resource_group_name": {
                "type": "string",
                "description_kind": "plain",
                "required": true
              },
              "route": {
                "type": [
                  "list",
                  [
                    "object",
                    {
                      "address_prefix": "string",
                      "name": "string",
                      "next_hop_in_ip_address": "string",
                      "next_hop_type": "string"
                    }
                  ]
                ],
                "description_kind": "plain",
                "optional": true,
                "computed": true
              },
              "subnets": {
                "type": [
                  "set",
                  "string"
                ],
                "description_kind": "plain",
                "computed": true
              },
              "tags": {
                "type": [
                  "map",
                  "string"
                ],
                "description_kind": "plain",
                "optional": true
              }
            },
            "block_types": {
              "timeouts": {
                "nesting_mode": "single",
                "block": {
                  "attributes": {
                    "create": {
                      "type": "string",
                      "description_kind": "plain",
                      "optional": true
                    },
                    "delete": {
                      "type": "string",
                      "description_kind": "plain",
                      "optional": true
                    },
                    "read": {
                      "type": "string",
                      "description_kind": "plain",
                      "optional": true
                    },
                    "update": {
                      "type": "string",
                      "description_kind": "plain",
                      "optional": true
                    }
                  },
                  "description_kind": "plain"
                }
              }
            },
            "description_kind": "plain"
          }
        },
        "azurestack_storage_account": {
          "version": 2,
          "block": {
            "attributes": {
              "account_encryption_source": {
                "type": "string",
                "description_kind": "plain",
                "optional": true
              },
              "account_kind": {
                "type": "string",
                "description_kind": "plain",
                "optional": true
              },
              "account_replication_type": {
                "type": "string",
                "description_kind": "plain",
                "required": true
              },
              "account_tier": {
                "type": "string",
                "description_kind": "plain",
                "required": true
              },
              "enable_blob_encryption": {
                "type": "bool",
                "description_kind": "plain",
                "optional": true,
                "computed": true
              },
              "enable_https_traffic_only": {
                "type": "bool",
                "description_kind": "plain",
                "optional": true
              },
              "id": {
                "type": "string",
                "description_kind": "plain",
                "optional": true,
                "computed": true
              },
              "location": {
                "type": "string",
                "description_kind": "plain",
                "required": true
              },
              "name": {
                "type": "string",
                "description_kind": "plain",
                "required": true
              },
              "primary_access_key": {
                "type": "string",
                "description_kind": "plain",
                "computed": true
              },
              "primary_blob_connection_string": {
                "type": "string",
                "description_kind": "plain",
                "computed": true
              },
              "primary_blob_endpoint": {
                "type": "string",
                "description_kind": "plain",
                "computed": true
              },
              "primary_connection_string": {
                "type": "string",
                "description_kind": "plain",
                "computed": true
              },
              "primary_file_endpoint": {
                "type": "string",
                "description_kind": "plain",
                "computed": true
              },
              "primary_location": {
                "type": "string",
                "description_kind": "plain",
                "computed": true
              },
              "primary_queue_endpoint": {
                "type": "string",
                "description_kind": "plain",
                "computed": true
              },
              "primary_table_endpoint": {
                "type": "string",
                "description_kind": "plain",
                "computed": true
              },
              "resource_group_name": {
                "type": "string",
                "description_kind": "plain",
                "required": true
              },
              "secondary_access_key": {
                "type": "string",
                "description_kind": "plain",
                "computed": true
              },
              "secondary_blob_connection_string": {
                "type": "string",
                "description_kind": "plain",
                "computed": true
              },
              "secondary_blob_endpoint": {
                "type": "string",
                "description_kind": "plain",
                "computed": true
              },
              "secondary_connection_string": {
                "type": "string",
                "description_kind": "plain",
                "computed": true
              },
              "secondary_location": {
                "type": "string",
                "description_kind": "plain",
                "computed": true
              },
              "secondary_queue_endpoint": {
                "type": "string",
                "description_kind": "plain",
                "computed": true
              },
              "secondary_table_endpoint": {
                "type": "string",
                "description_kind": "plain",
                "computed": true
              },
              "tags": {
                "type": [
                  "map",
                  "string"
                ],
                "description_kind": "plain",
                "optional": true
              }
            },
            "block_types": {
              "custom_domain": {
                "nesting_mode": "list",
                "block": {
                  "attributes": {
                    "name": {
                      "type": "string",
                      "description_kind": "plain",
                      "required": true
                    },
                    "use_subdomain": {
                      "type": "bool",
                      "description_kind": "plain",
                      "optional": true
                    }
                  },
                  "description_kind": "plain"
                },
                "max_items": 1
              },
              "timeouts": {
                "nesting_mode": "single",
                "block": {
                  "attributes": {
                    "create": {
                      "type": "string",
                      "description_kind": "plain",
                      "optional": true
                    },
                    "delete": {
                      "type": "string",
                      "description_kind": "plain",
                      "optional": true
                    },
                    "read": {
                      "type": "string",
                      "description_kind": "plain",
                      "optional": true
                    },
                    "update": {
                      "type": "string",
                      "description_kind": "plain",
                      "optional": true
                    }
                  },
                  "description_kind": "plain"
                }
              }
            },
            "description_kind": "plain"
          }
        },
        "azurestack_storage_blob": {
          "version": 1,
          "block": {
            "attributes": {
              "cache_control": {
                "type": "string",
                "description_kind": "plain",
                "optional": true
              },
              "content_md5": {
                "type": "string",
                "description_kind": "plain",
                "optional": true
              },
              "content_type": {
                "type": "string",
                "description_kind": "plain",
                "optional": true
              },
              "id": {
                "type": "string",
                "description_kind": "plain",
                "optional": true,
                "computed": true
              },
              "metadata": {
                "type": [
                  "map",
                  "string"
                ],
                "description_kind": "plain",
                "optional": true,
                "computed": true
              },
              "name": {
                "type": "string",
                "description_kind": "plain",
                "required": true
              },
              "parallelism": {
                "type": "number",
                "description_kind": "plain",
                "optional": true
              },
              "size": {
                "type": "number",
                "description_kind": "plain",
                "optional": true
              },
              "source": {
                "type": "string",
                "description_kind": "plain",
                "optional": true
              },
              "source_content": {
                "type": "string",
                "description_kind": "plain",
                "optional": true
              },
              "source_uri": {
                "type": "string",
                "description_kind": "plain",
                "optional": true
              },
              "storage_account_name": {
                "type": "string",
                "description_kind": "plain",
                "required": true
              },
              "storage_container_name": {
                "type": "string",
                "description_kind": "plain",
                "required": true
              },
              "type": {
                "type": "string",
                "description_kind": "plain",
                "required": true
              },
              "url": {
                "type": "string",
                "description_kind": "plain",
                "computed": true
              }
            },
            "block_types": {
              "timeouts": {
                "nesting_mode": "single",
                "block": {
                  "attributes": {
                    "create": {
                      "type": "string",
                      "description_kind": "plain",
                      "optional": true
                    },
                    "delete": {
                      "type": "string",
                      "description_kind": "plain",
                      "optional": true
                    },
                    "read": {
                      "type": "string",
                      "description_kind": "plain",
                      "optional": true
                    },
                    "update": {
                      "type": "string",
                      "description_kind": "plain",
                      "optional": true
                    }
                  },
                  "description_kind": "plain"
                }
              }
            },
            "description_kind": "plain"
          }
        },
        "azurestack_storage_container": {
          "version": 1,
          "block": {
            "attributes": {
              "container_access_type": {
                "type": "string",
                "description_kind": "plain",
                "optional": true
              },
              "has_immutability_policy": {
                "type": "bool",
                "description_kind": "plain",
                "computed": true
              },
              "has_legal_hold": {
                "type": "bool",
                "description_kind": "plain",
                "computed": true
              },
              "id": {
                "type": "string",
                "description_kind": "plain",
                "optional": true,
                "computed": true
              },
              "metadata": {
                "type": [
                  "map",
                  "string"
                ],
                "description_kind": "plain",
                "optional": true
              },
              "name": {
                "type": "string",
                "description_kind": "plain",
                "required": true
              },
              "storage_account_name": {
                "type": "string",
                "description_kind": "plain",
                "required": true
              }
            },
            "block_types": {
              "timeouts": {
                "nesting_mode": "single",
                "block": {
                  "attributes": {
                    "create": {
                      "type": "string",
                      "description_kind": "plain",
                      "optional": true
                    },
                    "delete": {
                      "type": "string",
                      "description_kind": "plain",
                      "optional": true
                    },
                    "read": {
                      "type": "string",
                      "description_kind": "plain",
                      "optional": true
                    },
                    "update": {
                      "type": "string",
                      "description_kind": "plain",
                      "optional": true
                    }
                  },
                  "description_kind": "plain"
                }
              }
            },
            "description_kind": "plain"
          }
        },
        "azurestack_subnet": {
          "version": 0,
          "block": {
            "attributes": {
              "address_prefix": {
                "type": "string",
                "description_kind": "plain",
                "required": true
              },
              "id": {
                "type": "string",
                "description_kind": "plain",
                "optional": true,
                "computed": true
              },
              "name": {
                "type": "string",
                "description_kind": "plain",
                "required": true
              },
              "resource_group_name": {
                "type": "string",
                "description_kind": "plain",
                "required": true
              },
              "virtual_network_name": {
                "type": "string",
                "description_kind": "plain",
                "required": true
              }
            },
            "block_types": {
              "timeouts": {
                "nesting_mode": "single",
                "block": {
                  "attributes": {
                    "create": {
                      "type": "string",
                      "description_kind": "plain",
                      "optional": true
                    },
                    "delete": {
                      "type": "string",
                      "description_kind": "plain",
                      "optional": true
                    },
                    "read": {
                      "type": "string",
                      "description_kind": "plain",
                      "optional": true
                    },
                    "update": {
                      "type": "string",
                      "description_kind": "plain",
                      "optional": true
                    }
                  },
                  "description_kind": "plain"
                }
              }
            },
            "description_kind": "plain"
          }
        },
        "azurestack_template_deployment": {
          "version": 0,
          "block": {
            "attributes": {
              "deployment_mode": {
                "type": "string",
                "description_kind": "plain",
                "required": true
              },
              "id": {
                "type": "string",
                "description_kind": "plain",
                "optional": true,
                "computed": true
              },
              "name": {
                "type": "string",
                "description_kind": "plain",
                "required": true
              },
              "outputs": {
                "type": [
                  "map",
                  "string"
                ],
                "description_kind": "plain",
                "computed": true
              },
              "parameters": {
                "type": [
                  "map",
                  "string"
                ],
                "description_kind": "plain",
                "optional": true
              },
              "parameters_body": {
                "type": "string",
                "description_kind": "plain",
                "optional": true
              },
              "resource_group_name": {
                "type": "string",
                "description_kind": "plain",
                "required": true
              },
              "template_body": {
                "type": "string",
                "description_kind": "plain",
                "optional": true,
                "computed": true
              }
            },
            "block_types": {
              "timeouts": {
                "nesting_mode": "single",
                "block": {
                  "attributes": {
                    "create": {
                      "type": "string",
                      "description_kind": "plain",
                      "optional": true
                    },
                    "delete": {
                      "type": "string",
                      "description_kind": "plain",
                      "optional": true
                    },
                    "read": {
                      "type": "string",
                      "description_kind": "plain",
                      "optional": true
                    },
                    "update": {
                      "type": "string",
                      "description_kind": "plain",
                      "optional": true
                    }
                  },
                  "description_kind": "plain"
                }
              }
            },
            "description_kind": "plain"
          }
        },
        "azurestack_virtual_machine": {
          "version": 0,
          "block": {
            "attributes": {
              "availability_set_id": {
                "type": "string",
                "description_kind": "plain",
                "optional": true,
                "computed": true
              },
              "delete_data_disks_on_termination": {
                "type": "bool",
                "description_kind": "plain",
                "optional": true
              },
              "delete_os_disk_on_termination": {
                "type": "bool",
                "description_kind": "plain",
                "optional": true
              },
              "id": {
                "type": "string",
                "description_kind": "plain",
                "optional": true,
                "computed": true
              },
              "license_type": {
                "type": "string",
                "description_kind": "plain",
                "optional": true,
                "computed": true
              },
              "location": {
                "type": "string",
                "description_kind": "plain",
                "required": true
              },
              "name": {
                "type": "string",
                "description_kind": "plain",
                "required": true
              },
              "network_interface_ids": {
                "type": [
                  "list",
                  "string"
                ],
                "description_kind": "plain",
                "required": true
              },
              "primary_network_interface_id": {
                "type": "string",
                "description_kind": "plain",
                "optional": true
              },
              "resource_group_name": {
                "type": "string",
                "description_kind": "plain",
                "required": true
              },
              "tags": {
                "type": [
                  "map",
                  "string"
                ],
                "description_kind": "plain",
                "optional": true
              },
              "vm_size": {
                "type": "string",
                "description_kind": "plain",
                "required": true
              },
              "zones": {
                "type": [
                  "list",
                  "string"
                ],
                "description_kind": "plain",
                "optional": true
              }
            },
            "block_types": {
              "boot_diagnostics": {
                "nesting_mode": "list",
                "block": {
                  "attributes": {
                    "enabled": {
                      "type": "bool",
                      "description_kind": "plain",
                      "required": true
                    },
                    "storage_uri": {
                      "type": "string",
                      "description_kind": "plain",
                      "required": true
                    }
                  },
                  "description_kind": "plain"
                },
                "max_items": 1
              },
              "identity": {
                "nesting_mode": "list",
                "block": {
                  "attributes": {
                    "principal_id": {
                      "type": "string",
                      "description_kind": "plain",
                      "computed": true
                    },
                    "type": {
                      "type": "string",
                      "description_kind": "plain",
                      "required": true
                    }
                  },
                  "description_kind": "plain"
                },
                "max_items": 1
              },
              "os_profile": {
                "nesting_mode": "set",
                "block": {
                  "attributes": {
                    "admin_password": {
                      "type": "string",
                      "description_kind": "plain",
                      "optional": true,
                      "sensitive": true
                    },
                    "admin_username": {
                      "type": "string",
                      "description_kind": "plain",
                      "required": true
                    },
                    "computer_name": {
                      "type": "string",
                      "description_kind": "plain",
                      "required": true
                    },
                    "custom_data": {
                      "type": "string",
                      "description_kind": "plain",
                      "optional": true,
                      "computed": true
                    }
                  },
                  "description_kind": "plain"
                },
                "max_items": 1
              },
              "os_profile_linux_config": {
                "nesting_mode": "set",
                "block": {
                  "attributes": {
                    "disable_password_authentication": {
                      "type": "bool",
                      "description_kind": "plain",
                      "required": true
                    }
                  },
                  "block_types": {
                    "ssh_keys": {
                      "nesting_mode": "list",
                      "block": {
                        "attributes": {
                          "key_data": {
                            "type": "string",
                            "description_kind": "plain",
                            "required": true
                          },
                          "path": {
                            "type": "string",
                            "description_kind": "plain",
                            "required": true
                          }
                        },
                        "description_kind": "plain"
                      }
                    }
                  },
                  "description_kind": "plain"
                },
                "max_items": 1
              },
              "os_profile_secrets": {
                "nesting_mode": "list",
                "block": {
                  "attributes": {
                    "source_vault_id": {
                      "type": "string",
                      "description_kind": "plain",
                      "required": true
                    }
                  },
                  "block_types": {
                    "vault_certificates": {
                      "nesting_mode": "list",
                      "block": {
                        "attributes": {
                          "certificate_store": {
                            "type": "string",
                            "description_kind": "plain",
                            "optional": true
                          },
                          "certificate_url": {
                            "type": "string",
                            "description_kind": "plain",
                            "required": true
                          }
                        },
                        "description_kind": "plain"
                      }
                    }
                  },
                  "description_kind": "plain"
                }
              },
              "os_profile_windows_config": {
                "nesting_mode": "set",
                "block": {
                  "attributes": {
                    "enable_automatic_upgrades": {
                      "type": "bool",
                      "description_kind": "plain",
                      "optional": true
                    },
                    "provision_vm_agent": {
                      "type": "bool",
                      "description_kind": "plain",
                      "optional": true
                    },
                    "timezone": {
                      "type": "string",
                      "description_kind": "plain",
                      "optional": true
                    }
                  },
                  "block_types": {
                    "additional_unattend_config": {
                      "nesting_mode": "list",
                      "block": {
                        "attributes": {
                          "component": {
                            "type": "string",
                            "description_kind": "plain",
                            "required": true
                          },
                          "content": {
                            "type": "string",
                            "description_kind": "plain",
                            "required": true,
                            "sensitive": true
                          },
                          "pass": {
                            "type": "string",
                            "description_kind": "plain",
                            "required": true
                          },
                          "setting_name": {
                            "type": "string",
                            "description_kind": "plain",
                            "required": true
                          }
                        },
                        "description_kind": "plain"
                      }
                    },
                    "winrm": {
                      "nesting_mode": "list",
                      "block": {
                        "attributes": {
                          "certificate_url": {
                            "type": "string",
                            "description_kind": "plain",
                            "optional": true
                          },
                          "protocol": {
                            "type": "string",
                            "description_kind": "plain",
                            "required": true
                          }
                        },
                        "description_kind": "plain"
                      }
                    }
                  },
                  "description_kind": "plain"
                },
                "max_items": 1
              },
              "plan": {
                "nesting_mode": "list",
                "block": {
                  "attributes": {
                    "name": {
                      "type": "string",
                      "description_kind": "plain",
                      "required": true
                    },
                    "product": {
                      "type": "string",
                      "description_kind": "plain",
                      "required": true
                    },
                    "publisher": {
                      "type": "string",
                      "description_kind": "plain",
                      "required": true
                    }
                  },
                  "description_kind": "plain"
                },
                "max_items": 1
              },
              "storage_data_disk": {
                "nesting_mode": "list",
                "block": {
                  "attributes": {
                    "caching": {
                      "type": "string",
                      "description_kind": "plain",
                      "optional": true,
                      "computed": true
                    },
                    "create_option": {
                      "type": "string",
                      "description_kind": "plain",
                      "required": true
                    },
                    "disk_size_gb": {
                      "type": "number",
                      "description_kind": "plain",
                      "optional": true,
                      "computed": true
                    },
                    "lun": {
                      "type": "number",
                      "description_kind": "plain",
                      "required": true
                    },
                    "managed_disk_id": {
                      "type": "string",
                      "description_kind": "plain",
                      "optional": true,
                      "computed": true
                    },
                    "managed_disk_type": {
                      "type": "string",
                      "description_kind": "plain",
                      "optional": true,
                      "computed": true
                    },
                    "name": {
                      "type": "string",
                      "description_kind": "plain",
                      "required": true
                    },
                    "vhd_uri": {
                      "type": "string",
                      "description_kind": "plain",
                      "optional": true
                    },
                    "write_accelerator_enabled": {
                      "type": "bool",
                      "description_kind": "plain",
                      "optional": true
                    }
                  },
                  "description_kind": "plain"
                }
              },
              "storage_image_reference": {
                "nesting_mode": "set",
                "block": {
                  "attributes": {
                    "id": {
                      "type": "string",
                      "description_kind": "plain",
                      "optional": true
                    },
                    "offer": {
                      "type": "string",
                      "description_kind": "plain",
                      "optional": true
                    },
                    "publisher": {
                      "type": "string",
                      "description_kind": "plain",
                      "optional": true
                    },
                    "sku": {
                      "type": "string",
                      "description_kind": "plain",
                      "optional": true
                    },
                    "version": {
                      "type": "string",
                      "description_kind": "plain",
                      "optional": true,
                      "computed": true
                    }
                  },
                  "description_kind": "plain"
                },
                "max_items": 1
              },
              "storage_os_disk": {
                "nesting_mode": "list",
                "block": {
                  "attributes": {
                    "caching": {
                      "type": "string",
                      "description_kind": "plain",
                      "optional": true,
                      "computed": true
                    },
                    "create_option": {
                      "type": "string",
                      "description_kind": "plain",
                      "required": true
                    },
                    "disk_size_gb": {
                      "type": "number",
                      "description_kind": "plain",
                      "optional": true,
                      "computed": true
                    },
                    "image_uri": {
                      "type": "string",
                      "description_kind": "plain",
                      "optional": true
                    },
                    "managed_disk_id": {
                      "type": "string",
                      "description_kind": "plain",
                      "optional": true,
                      "computed": true
                    },
                    "managed_disk_type": {
                      "type": "string",
                      "description_kind": "plain",
                      "optional": true,
                      "computed": true
                    },
                    "name": {
                      "type": "string",
                      "description_kind": "plain",
                      "required": true
                    },
                    "os_type": {
                      "type": "string",
                      "description_kind": "plain",
                      "optional": true,
                      "computed": true
                    },
                    "vhd_uri": {
                      "type": "string",
                      "description_kind": "plain",
                      "optional": true
                    },
                    "write_accelerator_enabled": {
                      "type": "bool",
                      "description_kind": "plain",
                      "optional": true
                    }
                  },
                  "description_kind": "plain"
                },
                "min_items": 1,
                "max_items": 1
              },
              "timeouts": {
                "nesting_mode": "single",
                "block": {
                  "attributes": {
                    "create": {
                      "type": "string",
                      "description_kind": "plain",
                      "optional": true
                    },
                    "delete": {
                      "type": "string",
                      "description_kind": "plain",
                      "optional": true
                    },
                    "read": {
                      "type": "string",
                      "description_kind": "plain",
                      "optional": true
                    },
                    "update": {
                      "type": "string",
                      "description_kind": "plain",
                      "optional": true
                    }
                  },
                  "description_kind": "plain"
                }
              }
            },
            "description_kind": "plain"
          }
        },
        "azurestack_virtual_machine_data_disk_attachment": {
          "version": 0,
          "block": {
            "attributes": {
              "caching": {
                "type": "string",
                "description_kind": "plain",
                "required": true
              },
              "create_option": {
                "type": "string",
                "description_kind": "plain",
                "optional": true
              },
              "id": {
                "type": "string",
                "description_kind": "plain",
                "optional": true,
                "computed": true
              },
              "lun": {
                "type": "number",
                "description_kind": "plain",
                "required": true
              },
              "managed_disk_id": {
                "type": "string",
                "description_kind": "plain",
                "required": true
              },
              "virtual_machine_id": {
                "type": "string",
                "description_kind": "plain",
                "required": true
              },
              "write_accelerator_enabled": {
                "type": "bool",
                "description_kind": "plain",
                "optional": true
              }
            },
            "block_types": {
              "timeouts": {
                "nesting_mode": "single",
                "block": {
                  "attributes": {
                    "create": {
                      "type": "string",
                      "description_kind": "plain",
                      "optional": true
                    },
                    "delete": {
                      "type": "string",
                      "description_kind": "plain",
                      "optional": true
                    },
                    "read": {
                      "type": "string",
                      "description_kind": "plain",
                      "optional": true
                    },
                    "update": {
                      "type": "string",
                      "description_kind": "plain",
                      "optional": true
                    }
                  },
                  "description_kind": "plain"
                }
              }
            },
            "description_kind": "plain"
          }
        },
        "azurestack_virtual_machine_extension": {
          "version": 0,
          "block": {
            "attributes": {
              "auto_upgrade_minor_version": {
                "type": "bool",
                "description_kind": "plain",
                "optional": true
              },
              "id": {
                "type": "string",
                "description_kind": "plain",
                "optional": true,
                "computed": true
              },
              "name": {
                "type": "string",
                "description_kind": "plain",
                "required": true
              },
              "protected_settings": {
                "type": "string",
                "description_kind": "plain",
                "optional": true,
                "sensitive": true
              },
              "publisher": {
                "type": "string",
                "description_kind": "plain",
                "required": true
              },
              "settings": {
                "type": "string",
                "description_kind": "plain",
                "optional": true
              },
              "tags": {
                "type": [
                  "map",
                  "string"
                ],
                "description_kind": "plain",
                "optional": true
              },
              "type": {
                "type": "string",
                "description_kind": "plain",
                "required": true
              },
              "type_handler_version": {
                "type": "string",
                "description_kind": "plain",
                "required": true
              },
              "virtual_machine_id": {
                "type": "string",
                "description_kind": "plain",
                "required": true
              }
            },
            "block_types": {
              "timeouts": {
                "nesting_mode": "single",
                "block": {
                  "attributes": {
                    "create": {
                      "type": "string",
                      "description_kind": "plain",
                      "optional": true
                    },
                    "delete": {
                      "type": "string",
                      "description_kind": "plain",
                      "optional": true
                    },
                    "read": {
                      "type": "string",
                      "description_kind": "plain",
                      "optional": true
                    },
                    "update": {
                      "type": "string",
                      "description_kind": "plain",
                      "optional": true
                    }
                  },
                  "description_kind": "plain"
                }
              }
            },
            "description_kind": "plain"
          }
        },
        "azurestack_virtual_machine_scale_set": {
          "version": 0,
          "block": {
            "attributes": {
              "eviction_policy": {
                "type": "string",
                "description_kind": "plain",
                "deprecated": true,
                "optional": true
              },
              "health_probe_id": {
                "type": "string",
                "description_kind": "plain",
                "optional": true
              },
              "id": {
                "type": "string",
                "description_kind": "plain",
                "optional": true,
                "computed": true
              },
              "license_type": {
                "type": "string",
                "description_kind": "plain",
                "optional": true,
                "computed": true
              },
              "location": {
                "type": "string",
                "description_kind": "plain",
                "required": true
              },
              "name": {
                "type": "string",
                "description_kind": "plain",
                "required": true
              },
              "overprovision": {
                "type": "bool",
                "description_kind": "plain",
                "optional": true
              },
              "priority": {
                "type": "string",
                "description_kind": "plain",
                "deprecated": true,
                "optional": true
              },
              "resource_group_name": {
                "type": "string",
                "description_kind": "plain",
                "required": true
              },
              "single_placement_group": {
                "type": "bool",
                "description_kind": "plain",
                "optional": true
              },
              "tags": {
                "type": [
                  "map",
                  "string"
                ],
                "description_kind": "plain",
                "optional": true
              },
              "upgrade_policy_mode": {
                "type": "string",
                "description_kind": "plain",
                "required": true
              },
              "zones": {
                "type": [
                  "list",
                  "string"
                ],
                "description_kind": "plain",
                "optional": true
              }
            },
            "block_types": {
              "boot_diagnostics": {
                "nesting_mode": "list",
                "block": {
                  "attributes": {
                    "enabled": {
                      "type": "bool",
                      "description_kind": "plain",
                      "optional": true
                    },
                    "storage_uri": {
                      "type": "string",
                      "description_kind": "plain",
                      "required": true
                    }
                  },
                  "description_kind": "plain"
                },
                "max_items": 1
              },
              "extension": {
                "nesting_mode": "set",
                "block": {
                  "attributes": {
                    "auto_upgrade_minor_version": {
                      "type": "bool",
                      "description_kind": "plain",
                      "optional": true
                    },
                    "name": {
                      "type": "string",
                      "description_kind": "plain",
                      "required": true
                    },
                    "protected_settings": {
                      "type": "string",
                      "description_kind": "plain",
                      "optional": true,
                      "sensitive": true
                    },
                    "publisher": {
                      "type": "string",
                      "description_kind": "plain",
                      "required": true
                    },
                    "settings": {
                      "type": "string",
                      "description_kind": "plain",
                      "optional": true
                    },
                    "type": {
                      "type": "string",
                      "description_kind": "plain",
                      "required": true
                    },
                    "type_handler_version": {
                      "type": "string",
                      "description_kind": "plain",
                      "required": true
                    }
                  },
                  "description_kind": "plain"
                }
              },
              "identity": {
                "nesting_mode": "list",
                "block": {
                  "attributes": {
                    "principal_id": {
                      "type": "string",
                      "description_kind": "plain",
                      "computed": true
                    },
                    "type": {
                      "type": "string",
                      "description_kind": "plain",
                      "required": true
                    }
                  },
                  "description_kind": "plain"
                },
                "max_items": 1
              },
              "network_profile": {
                "nesting_mode": "set",
                "block": {
                  "attributes": {
                    "accelerated_networking": {
                      "type": "bool",
                      "description_kind": "plain",
                      "deprecated": true,
                      "optional": true
                    },
                    "ip_forwarding": {
                      "type": "bool",
                      "description_kind": "plain",
                      "optional": true
                    },
                    "name": {
                      "type": "string",
                      "description_kind": "plain",
                      "required": true
                    },
                    "network_security_group_id": {
                      "type": "string",
                      "description_kind": "plain",
                      "optional": true
                    },
                    "primary": {
                      "type": "bool",
                      "description_kind": "plain",
                      "required": true
                    }
                  },
                  "block_types": {
                    "dns_settings": {
                      "nesting_mode": "list",
                      "block": {
                        "attributes": {
                          "dns_servers": {
                            "type": [
                              "list",
                              "string"
                            ],
                            "description_kind": "plain",
                            "required": true
                          }
                        },
                        "description_kind": "plain"
                      },
                      "max_items": 1
                    },
                    "ip_configuration": {
                      "nesting_mode": "list",
                      "block": {
                        "attributes": {
                          "application_gateway_backend_address_pool_ids": {
                            "type": [
                              "set",
                              "string"
                            ],
                            "description_kind": "plain",
                            "optional": true
                          },
                          "load_balancer_backend_address_pool_ids": {
                            "type": [
                              "set",
                              "string"
                            ],
                            "description_kind": "plain",
                            "optional": true
                          },
                          "load_balancer_inbound_nat_rules_ids": {
                            "type": [
                              "set",
                              "string"
                            ],
                            "description_kind": "plain",
                            "optional": true,
                            "computed": true
                          },
                          "name": {
                            "type": "string",
                            "description_kind": "plain",
                            "required": true
                          },
                          "primary": {
                            "type": "bool",
                            "description_kind": "plain",
                            "required": true
                          },
                          "subnet_id": {
                            "type": "string",
                            "description_kind": "plain",
                            "required": true
                          }
                        },
                        "block_types": {
                          "public_ip_address_configuration": {
                            "nesting_mode": "list",
                            "block": {
                              "attributes": {
                                "domain_name_label": {
                                  "type": "string",
                                  "description_kind": "plain",
                                  "required": true
                                },
                                "idle_timeout": {
                                  "type": "number",
                                  "description_kind": "plain",
                                  "required": true
                                },
                                "name": {
                                  "type": "string",
                                  "description_kind": "plain",
                                  "required": true
                                }
                              },
                              "description_kind": "plain",
                              "deprecated": true
                            },
                            "max_items": 1
                          }
                        },
                        "description_kind": "plain"
                      },
                      "min_items": 1
                    }
                  },
                  "description_kind": "plain"
                },
                "min_items": 1
              },
              "os_profile": {
                "nesting_mode": "list",
                "block": {
                  "attributes": {
                    "admin_password": {
                      "type": "string",
                      "description_kind": "plain",
                      "optional": true,
                      "sensitive": true
                    },
                    "admin_username": {
                      "type": "string",
                      "description_kind": "plain",
                      "required": true
                    },
                    "computer_name_prefix": {
                      "type": "string",
                      "description_kind": "plain",
                      "required": true
                    },
                    "custom_data": {
                      "type": "string",
                      "description_kind": "plain",
                      "optional": true
                    }
                  },
                  "description_kind": "plain"
                },
                "min_items": 1,
                "max_items": 1
              },
              "os_profile_linux_config": {
                "nesting_mode": "set",
                "block": {
                  "attributes": {
                    "disable_password_authentication": {
                      "type": "bool",
                      "description_kind": "plain",
                      "optional": true
                    }
                  },
                  "block_types": {
                    "ssh_keys": {
                      "nesting_mode": "list",
                      "block": {
                        "attributes": {
                          "key_data": {
                            "type": "string",
                            "description_kind": "plain",
                            "optional": true
                          },
                          "path": {
                            "type": "string",
                            "description_kind": "plain",
                            "required": true
                          }
                        },
                        "description_kind": "plain"
                      }
                    }
                  },
                  "description_kind": "plain"
                },
                "max_items": 1
              },
              "os_profile_secrets": {
                "nesting_mode": "set",
                "block": {
                  "attributes": {
                    "source_vault_id": {
                      "type": "string",
                      "description_kind": "plain",
                      "required": true
                    }
                  },
                  "block_types": {
                    "vault_certificates": {
                      "nesting_mode": "list",
                      "block": {
                        "attributes": {
                          "certificate_store": {
                            "type": "string",
                            "description_kind": "plain",
                            "optional": true
                          },
                          "certificate_url": {
                            "type": "string",
                            "description_kind": "plain",
                            "required": true
                          }
                        },
                        "description_kind": "plain"
                      }
                    }
                  },
                  "description_kind": "plain"
                }
              },
              "os_profile_windows_config": {
                "nesting_mode": "set",
                "block": {
                  "attributes": {
                    "enable_automatic_upgrades": {
                      "type": "bool",
                      "description_kind": "plain",
                      "optional": true
                    },
                    "provision_vm_agent": {
                      "type": "bool",
                      "description_kind": "plain",
                      "optional": true
                    }
                  },
                  "block_types": {
                    "additional_unattend_config": {
                      "nesting_mode": "list",
                      "block": {
                        "attributes": {
                          "component": {
                            "type": "string",
                            "description_kind": "plain",
                            "required": true
                          },
                          "content": {
                            "type": "string",
                            "description_kind": "plain",
                            "required": true,
                            "sensitive": true
                          },
                          "pass": {
                            "type": "string",
                            "description_kind": "plain",
                            "required": true
                          },
                          "setting_name": {
                            "type": "string",
                            "description_kind": "plain",
                            "required": true
                          }
                        },
                        "description_kind": "plain"
                      }
                    },
                    "winrm": {
                      "nesting_mode": "list",
                      "block": {
                        "attributes": {
                          "certificate_url": {
                            "type": "string",
                            "description_kind": "plain",
                            "optional": true
                          },
                          "protocol": {
                            "type": "string",
                            "description_kind": "plain",
                            "required": true
                          }
                        },
                        "description_kind": "plain"
                      }
                    }
                  },
                  "description_kind": "plain"
                },
                "max_items": 1
              },
              "plan": {
                "nesting_mode": "set",
                "block": {
                  "attributes": {
                    "name": {
                      "type": "string",
                      "description_kind": "plain",
                      "required": true
                    },
                    "product": {
                      "type": "string",
                      "description_kind": "plain",
                      "required": true
                    },
                    "publisher": {
                      "type": "string",
                      "description_kind": "plain",
                      "required": true
                    }
                  },
                  "description_kind": "plain"
                },
                "max_items": 1
              },
              "rolling_upgrade_policy": {
                "nesting_mode": "list",
                "block": {
                  "attributes": {
                    "max_batch_instance_percent": {
                      "type": "number",
                      "description_kind": "plain",
                      "optional": true
                    },
                    "max_unhealthy_instance_percent": {
                      "type": "number",
                      "description_kind": "plain",
                      "optional": true
                    },
                    "max_unhealthy_upgraded_instance_percent": {
                      "type": "number",
                      "description_kind": "plain",
                      "optional": true
                    },
                    "pause_time_between_batches": {
                      "type": "string",
                      "description_kind": "plain",
                      "optional": true
                    }
                  },
                  "description_kind": "plain",
                  "deprecated": true
                },
                "max_items": 1
              },
              "sku": {
                "nesting_mode": "list",
                "block": {
                  "attributes": {
                    "capacity": {
                      "type": "number",
                      "description_kind": "plain",
                      "required": true
                    },
                    "name": {
                      "type": "string",
                      "description_kind": "plain",
                      "required": true
                    },
                    "tier": {
                      "type": "string",
                      "description_kind": "plain",
                      "optional": true,
                      "computed": true
                    }
                  },
                  "description_kind": "plain"
                },
                "min_items": 1,
                "max_items": 1
              },
              "storage_profile_data_disk": {
                "nesting_mode": "list",
                "block": {
                  "attributes": {
                    "caching": {
                      "type": "string",
                      "description_kind": "plain",
                      "optional": true,
                      "computed": true
                    },
                    "create_option": {
                      "type": "string",
                      "description_kind": "plain",
                      "required": true
                    },
                    "disk_size_gb": {
                      "type": "number",
                      "description_kind": "plain",
                      "optional": true,
                      "computed": true
                    },
                    "lun": {
                      "type": "number",
                      "description_kind": "plain",
                      "required": true
                    },
                    "managed_disk_type": {
                      "type": "string",
                      "description_kind": "plain",
                      "optional": true,
                      "computed": true
                    }
                  },
                  "description_kind": "plain"
                }
              },
              "storage_profile_image_reference": {
                "nesting_mode": "set",
                "block": {
                  "attributes": {
                    "id": {
                      "type": "string",
                      "description_kind": "plain",
                      "optional": true
                    },
                    "offer": {
                      "type": "string",
                      "description_kind": "plain",
                      "optional": true
                    },
                    "publisher": {
                      "type": "string",
                      "description_kind": "plain",
                      "optional": true
                    },
                    "sku": {
                      "type": "string",
                      "description_kind": "plain",
                      "optional": true
                    },
                    "version": {
                      "type": "string",
                      "description_kind": "plain",
                      "optional": true
                    }
                  },
                  "description_kind": "plain"
                },
                "max_items": 1
              },
              "storage_profile_os_disk": {
                "nesting_mode": "set",
                "block": {
                  "attributes": {
                    "caching": {
                      "type": "string",
                      "description_kind": "plain",
                      "optional": true,
                      "computed": true
                    },
                    "create_option": {
                      "type": "string",
                      "description_kind": "plain",
                      "required": true
                    },
                    "image": {
                      "type": "string",
                      "description_kind": "plain",
                      "optional": true
                    },
                    "managed_disk_type": {
                      "type": "string",
                      "description_kind": "plain",
                      "optional": true,
                      "computed": true
                    },
                    "name": {
                      "type": "string",
                      "description_kind": "plain",
                      "optional": true
                    },
                    "os_type": {
                      "type": "string",
                      "description_kind": "plain",
                      "optional": true
                    },
                    "vhd_containers": {
                      "type": [
                        "set",
                        "string"
                      ],
                      "description_kind": "plain",
                      "optional": true
                    }
                  },
                  "description_kind": "plain"
                },
                "min_items": 1,
                "max_items": 1
              },
              "timeouts": {
                "nesting_mode": "single",
                "block": {
                  "attributes": {
                    "create": {
                      "type": "string",
                      "description_kind": "plain",
                      "optional": true
                    },
                    "delete": {
                      "type": "string",
                      "description_kind": "plain",
                      "optional": true
                    },
                    "read": {
                      "type": "string",
                      "description_kind": "plain",
                      "optional": true
                    },
                    "update": {
                      "type": "string",
                      "description_kind": "plain",
                      "optional": true
                    }
                  },
                  "description_kind": "plain"
                }
              }
            },
            "description_kind": "plain"
          }
        },
        "azurestack_virtual_machine_scale_set_extension": {
          "version": 0,
          "block": {
            "attributes": {
              "auto_upgrade_minor_version": {
                "type": "bool",
                "description_kind": "plain",
                "optional": true
              },
              "force_update_tag": {
                "type": "string",
                "description_kind": "plain",
                "optional": true
              },
              "id": {
                "type": "string",
                "description_kind": "plain",
                "optional": true,
                "computed": true
              },
              "name": {
                "type": "string",
                "description_kind": "plain",
                "required": true
              },
              "protected_settings": {
                "type": "string",
                "description_kind": "plain",
                "optional": true,
                "sensitive": true
              },
              "publisher": {
                "type": "string",
                "description_kind": "plain",
                "required": true
              },
              "settings": {
                "type": "string",
                "description_kind": "plain",
                "optional": true
              },
              "type": {
                "type": "string",
                "description_kind": "plain",
                "required": true
              },
              "type_handler_version": {
                "type": "string",
                "description_kind": "plain",
                "required": true
              },
              "virtual_machine_scale_set_id": {
                "type": "string",
                "description_kind": "plain",
                "required": true
              }
            },
            "block_types": {
              "timeouts": {
                "nesting_mode": "single",
                "block": {
                  "attributes": {
                    "create": {
                      "type": "string",
                      "description_kind": "plain",
                      "optional": true
                    },
                    "delete": {
                      "type": "string",
                      "description_kind": "plain",
                      "optional": true
                    },
                    "read": {
                      "type": "string",
                      "description_kind": "plain",
                      "optional": true
                    },
                    "update": {
                      "type": "string",
                      "description_kind": "plain",
                      "optional": true
                    }
                  },
                  "description_kind": "plain"
                }
              }
            },
            "description_kind": "plain"
          }
        },
        "azurestack_virtual_network": {
          "version": 0,
          "block": {
            "attributes": {
              "address_space": {
                "type": [
                  "list",
                  "string"
                ],
                "description_kind": "plain",
                "required": true
              },
              "dns_servers": {
                "type": [
                  "list",
                  "string"
                ],
                "description_kind": "plain",
                "optional": true,
                "computed": true
              },
              "guid": {
                "type": "string",
                "description_kind": "plain",
                "computed": true
              },
              "id": {
                "type": "string",
                "description_kind": "plain",
                "optional": true,
                "computed": true
              },
              "location": {
                "type": "string",
                "description_kind": "plain",
                "required": true
              },
              "name": {
                "type": "string",
                "description_kind": "plain",
                "required": true
              },
              "resource_group_name": {
                "type": "string",
                "description_kind": "plain",
                "required": true
              },
              "subnet": {
                "type": [
                  "set",
                  [
                    "object",
                    {
                      "address_prefix": "string",
                      "id": "string",
                      "name": "string",
                      "security_group": "string"
                    }
                  ]
                ],
                "description_kind": "plain",
                "optional": true,
                "computed": true
              },
              "tags": {
                "type": [
                  "map",
                  "string"
                ],
                "description_kind": "plain",
                "optional": true
              }
            },
            "block_types": {
              "timeouts": {
                "nesting_mode": "single",
                "block": {
                  "attributes": {
                    "create": {
                      "type": "string",
                      "description_kind": "plain",
                      "optional": true
                    },
                    "delete": {
                      "type": "string",
                      "description_kind": "plain",
                      "optional": true
                    },
                    "read": {
                      "type": "string",
                      "description_kind": "plain",
                      "optional": true
                    },
                    "update": {
                      "type": "string",
                      "description_kind": "plain",
                      "optional": true
                    }
                  },
                  "description_kind": "plain"
                }
              }
            },
            "description_kind": "plain"
          }
        },
        "azurestack_virtual_network_gateway": {
          "version": 0,
          "block": {
            "attributes": {
              "active_active": {
                "type": "bool",
                "description_kind": "plain",
                "optional": true,
                "computed": true
              },
              "default_local_network_gateway_id": {
                "type": "string",
                "description_kind": "plain",
                "optional": true
              },
              "enable_bgp": {
                "type": "bool",
                "description_kind": "plain",
                "optional": true,
                "computed": true
              },
              "id": {
                "type": "string",
                "description_kind": "plain",
                "optional": true,
                "computed": true
              },
              "location": {
                "type": "string",
                "description_kind": "plain",
                "required": true
              },
              "name": {
                "type": "string",
                "description_kind": "plain",
                "required": true
              },
              "resource_group_name": {
                "type": "string",
                "description_kind": "plain",
                "required": true
              },
              "sku": {
                "type": "string",
                "description_kind": "plain",
                "required": true
              },
              "tags": {
                "type": [
                  "map",
                  "string"
                ],
                "description_kind": "plain",
                "optional": true
              },
              "type": {
                "type": "string",
                "description_kind": "plain",
                "required": true
              },
              "vpn_type": {
                "type": "string",
                "description_kind": "plain",
                "optional": true
              }
            },
            "block_types": {
              "bgp_settings": {
                "nesting_mode": "list",
                "block": {
                  "attributes": {
                    "asn": {
                      "type": "number",
                      "description_kind": "plain",
                      "optional": true
                    },
                    "peer_weight": {
                      "type": "number",
                      "description_kind": "plain",
                      "optional": true
                    },
                    "peering_address": {
                      "type": "string",
                      "description_kind": "plain",
                      "deprecated": true,
                      "optional": true,
                      "computed": true
                    }
                  },
                  "description_kind": "plain"
                },
                "max_items": 1
              },
              "ip_configuration": {
                "nesting_mode": "list",
                "block": {
                  "attributes": {
                    "name": {
                      "type": "string",
                      "description_kind": "plain",
                      "optional": true
                    },
                    "private_ip_address_allocation": {
                      "type": "string",
                      "description_kind": "plain",
                      "optional": true
                    },
                    "public_ip_address_id": {
                      "type": "string",
                      "description_kind": "plain",
                      "required": true
                    },
                    "subnet_id": {
                      "type": "string",
                      "description_kind": "plain",
                      "required": true
                    }
                  },
                  "description_kind": "plain"
                },
                "min_items": 1,
                "max_items": 3
              },
              "timeouts": {
                "nesting_mode": "single",
                "block": {
                  "attributes": {
                    "create": {
                      "type": "string",
                      "description_kind": "plain",
                      "optional": true
                    },
                    "delete": {
                      "type": "string",
                      "description_kind": "plain",
                      "optional": true
                    },
                    "read": {
                      "type": "string",
                      "description_kind": "plain",
                      "optional": true
                    },
                    "update": {
                      "type": "string",
                      "description_kind": "plain",
                      "optional": true
                    }
                  },
                  "description_kind": "plain"
                }
              },
              "vpn_client_configuration": {
                "nesting_mode": "list",
                "block": {
                  "attributes": {
                    "address_space": {
                      "type": [
                        "list",
                        "string"
                      ],
                      "description_kind": "plain",
                      "required": true
                    },
                    "radius_server_address": {
                      "type": "string",
                      "description_kind": "plain",
                      "optional": true
                    },
                    "radius_server_secret": {
                      "type": "string",
                      "description_kind": "plain",
                      "optional": true,
                      "sensitive": true
                    },
                    "vpn_client_protocols": {
                      "type": [
                        "set",
                        "string"
                      ],
                      "description_kind": "plain",
                      "optional": true,
                      "computed": true
                    }
                  },
                  "block_types": {
                    "revoked_certificate": {
                      "nesting_mode": "set",
                      "block": {
                        "attributes": {
                          "name": {
                            "type": "string",
                            "description_kind": "plain",
                            "required": true
                          },
                          "thumbprint": {
                            "type": "string",
                            "description_kind": "plain",
                            "required": true
                          }
                        },
                        "description_kind": "plain"
                      }
                    },
                    "root_certificate": {
                      "nesting_mode": "set",
                      "block": {
                        "attributes": {
                          "name": {
                            "type": "string",
                            "description_kind": "plain",
                            "required": true
                          },
                          "public_cert_data": {
                            "type": "string",
                            "description_kind": "plain",
                            "required": true
                          }
                        },
                        "description_kind": "plain"
                      }
                    }
                  },
                  "description_kind": "plain"
                },
                "max_items": 1
              }
            },
            "description_kind": "plain"
          }
        },
        "azurestack_virtual_network_gateway_connection": {
          "version": 0,
          "block": {
            "attributes": {
              "authorization_key": {
                "type": "string",
                "description_kind": "plain",
                "optional": true,
                "sensitive": true
              },
              "enable_bgp": {
                "type": "bool",
                "description_kind": "plain",
                "optional": true,
                "computed": true
              },
              "express_route_circuit_id": {
                "type": "string",
                "description_kind": "plain",
                "optional": true
              },
              "id": {
                "type": "string",
                "description_kind": "plain",
                "optional": true,
                "computed": true
              },
              "local_network_gateway_id": {
                "type": "string",
                "description_kind": "plain",
                "optional": true
              },
              "location": {
                "type": "string",
                "description_kind": "plain",
                "required": true
              },
              "name": {
                "type": "string",
                "description_kind": "plain",
                "required": true
              },
              "peer_virtual_network_gateway_id": {
                "type": "string",
                "description_kind": "plain",
                "optional": true
              },
              "resource_group_name": {
                "type": "string",
                "description_kind": "plain",
                "required": true
              },
              "routing_weight": {
                "type": "number",
                "description_kind": "plain",
                "optional": true,
                "computed": true
              },
              "shared_key": {
                "type": "string",
                "description_kind": "plain",
                "optional": true,
                "sensitive": true
              },
              "tags": {
                "type": [
                  "map",
                  "string"
                ],
                "description_kind": "plain",
                "optional": true
              },
              "type": {
                "type": "string",
                "description_kind": "plain",
                "required": true
              },
              "use_policy_based_traffic_selectors": {
                "type": "bool",
                "description_kind": "plain",
                "optional": true,
                "computed": true
              },
              "virtual_network_gateway_id": {
                "type": "string",
                "description_kind": "plain",
                "required": true
              }
            },
            "block_types": {
              "ipsec_policy": {
                "nesting_mode": "list",
                "block": {
                  "attributes": {
                    "dh_group": {
                      "type": "string",
                      "description_kind": "plain",
                      "required": true
                    },
                    "ike_encryption": {
                      "type": "string",
                      "description_kind": "plain",
                      "required": true
                    },
                    "ike_integrity": {
                      "type": "string",
                      "description_kind": "plain",
                      "required": true
                    },
                    "ipsec_encryption": {
                      "type": "string",
                      "description_kind": "plain",
                      "required": true
                    },
                    "ipsec_integrity": {
                      "type": "string",
                      "description_kind": "plain",
                      "required": true
                    },
                    "pfs_group": {
                      "type": "string",
                      "description_kind": "plain",
                      "required": true
                    },
                    "sa_datasize": {
                      "type": "number",
                      "description_kind": "plain",
                      "optional": true,
                      "computed": true
                    },
                    "sa_lifetime": {
                      "type": "number",
                      "description_kind": "plain",
                      "optional": true,
                      "computed": true
                    }
                  },
                  "description_kind": "plain"
                },
                "max_items": 1
              },
              "timeouts": {
                "nesting_mode": "single",
                "block": {
                  "attributes": {
                    "create": {
                      "type": "string",
                      "description_kind": "plain",
                      "optional": true
                    },
                    "delete": {
                      "type": "string",
                      "description_kind": "plain",
                      "optional": true
                    },
                    "read": {
                      "type": "string",
                      "description_kind": "plain",
                      "optional": true
                    },
                    "update": {
                      "type": "string",
                      "description_kind": "plain",
                      "optional": true
                    }
                  },
                  "description_kind": "plain"
                }
              }
            },
            "description_kind": "plain"
          }
        },
        "azurestack_virtual_network_peering": {
          "version": 0,
          "block": {
            "attributes": {
              "allow_forwarded_traffic": {
                "type": "bool",
                "description_kind": "plain",
                "optional": true,
                "computed": true
              },
              "allow_gateway_transit": {
                "type": "bool",
                "description_kind": "plain",
                "optional": true,
                "computed": true
              },
              "allow_virtual_network_access": {
                "type": "bool",
                "description_kind": "plain",
                "optional": true
              },
              "id": {
                "type": "string",
                "description_kind": "plain",
                "optional": true,
                "computed": true
              },
              "name": {
                "type": "string",
                "description_kind": "plain",
                "required": true
              },
              "remote_virtual_network_id": {
                "type": "string",
                "description_kind": "plain",
                "required": true
              },
              "resource_group_name": {
                "type": "string",
                "description_kind": "plain",
                "required": true
              },
              "use_remote_gateways": {
                "type": "bool",
                "description_kind": "plain",
                "optional": true,
                "computed": true
              },
              "virtual_network_name": {
                "type": "string",
                "description_kind": "plain",
                "required": true
              }
            },
            "block_types": {
              "timeouts": {
                "nesting_mode": "single",
                "block": {
                  "attributes": {
                    "create": {
                      "type": "string",
                      "description_kind": "plain",
                      "optional": true
                    },
                    "delete": {
                      "type": "string",
                      "description_kind": "plain",
                      "optional": true
                    },
                    "read": {
                      "type": "string",
                      "description_kind": "plain",
                      "optional": true
                    },
                    "update": {
                      "type": "string",
                      "description_kind": "plain",
                      "optional": true
                    }
                  },
                  "description_kind": "plain"
                }
              }
            },
            "description_kind": "plain"
          }
        },
        "azurestack_windows_virtual_machine": {
          "version": 0,
          "block": {
            "attributes": {
              "admin_password": {
                "type": "string",
                "description_kind": "plain",
                "required": true,
                "sensitive": true
              },
              "admin_username": {
                "type": "string",
                "description_kind": "plain",
                "required": true
              },
              "allow_extension_operations": {
                "type": "bool",
                "description_kind": "plain",
                "optional": true
              },
              "availability_set_id": {
                "type": "string",
                "description_kind": "plain",
                "optional": true
              },
              "computer_name": {
                "type": "string",
                "description_kind": "plain",
                "optional": true,
                "computed": true
              },
              "custom_data": {
                "type": "string",
                "description_kind": "plain",
                "optional": true,
                "sensitive": true
              },
              "enable_automatic_updates": {
                "type": "bool",
                "description_kind": "plain",
                "optional": true
              },
              "encryption_at_host_enabled": {
                "type": "bool",
                "description_kind": "plain",
                "optional": true
              },
              "eviction_policy": {
                "type": "string",
                "description_kind": "plain",
                "optional": true
              },
              "extensions_time_budget": {
                "type": "string",
                "description_kind": "plain",
                "optional": true
              },
              "id": {
                "type": "string",
                "description_kind": "plain",
                "optional": true,
                "computed": true
              },
              "license_type": {
                "type": "string",
                "description_kind": "plain",
                "optional": true
              },
              "location": {
                "type": "string",
                "description_kind": "plain",
                "required": true
              },
              "max_bid_price": {
                "type": "number",
                "description_kind": "plain",
                "optional": true
              },
              "name": {
                "type": "string",
                "description_kind": "plain",
                "required": true
              },
              "network_interface_ids": {
                "type": [
                  "list",
                  "string"
                ],
                "description_kind": "plain",
                "required": true
              },
              "patch_mode": {
                "type": "string",
                "description_kind": "plain",
                "optional": true
              },
              "priority": {
                "type": "string",
                "description_kind": "plain",
                "optional": true
              },
              "private_ip_address": {
                "type": "string",
                "description_kind": "plain",
                "computed": true
              },
              "private_ip_addresses": {
                "type": [
                  "list",
                  "string"
                ],
                "description_kind": "plain",
                "computed": true
              },
              "provision_vm_agent": {
                "type": "bool",
                "description_kind": "plain",
                "optional": true
              },
              "public_ip_address": {
                "type": "string",
                "description_kind": "plain",
                "computed": true
              },
              "public_ip_addresses": {
                "type": [
                  "list",
                  "string"
                ],
                "description_kind": "plain",
                "computed": true
              },
              "resource_group_name": {
                "type": "string",
                "description_kind": "plain",
                "required": true
              },
              "size": {
                "type": "string",
                "description_kind": "plain",
                "required": true
              },
              "source_image_id": {
                "type": "string",
                "description_kind": "plain",
                "optional": true
              },
              "tags": {
                "type": [
                  "map",
                  "string"
                ],
                "description_kind": "plain",
                "optional": true
              },
              "timezone": {
                "type": "string",
                "description_kind": "plain",
                "optional": true
              },
              "virtual_machine_id": {
                "type": "string",
                "description_kind": "plain",
                "computed": true
              },
              "virtual_machine_scale_set_id": {
                "type": "string",
                "description_kind": "plain",
                "optional": true
              },
              "zone": {
                "type": "string",
                "description_kind": "plain",
                "optional": true,
                "computed": true
              }
            },
            "block_types": {
              "additional_capabilities": {
                "nesting_mode": "list",
                "block": {
                  "attributes": {
                    "ultra_ssd_enabled": {
                      "type": "bool",
                      "description_kind": "plain",
                      "optional": true
                    }
                  },
                  "description_kind": "plain"
                },
                "max_items": 1
              },
              "additional_unattend_content": {
                "nesting_mode": "list",
                "block": {
                  "attributes": {
                    "content": {
                      "type": "string",
                      "description_kind": "plain",
                      "required": true,
                      "sensitive": true
                    },
                    "setting": {
                      "type": "string",
                      "description_kind": "plain",
                      "required": true
                    }
                  },
                  "description_kind": "plain"
                }
              },
              "boot_diagnostics": {
                "nesting_mode": "list",
                "block": {
                  "attributes": {
                    "storage_account_uri": {
                      "type": "string",
                      "description_kind": "plain",
                      "required": true
                    }
                  },
                  "description_kind": "plain"
                },
                "max_items": 1
              },
              "os_disk": {
                "nesting_mode": "list",
                "block": {
                  "attributes": {
                    "caching": {
                      "type": "string",
                      "description_kind": "plain",
                      "required": true
                    },
                    "disk_encryption_set_id": {
                      "type": "string",
                      "description_kind": "plain",
                      "optional": true
                    },
                    "disk_size_gb": {
                      "type": "number",
                      "description_kind": "plain",
                      "optional": true,
                      "computed": true
                    },
                    "name": {
                      "type": "string",
                      "description_kind": "plain",
                      "optional": true,
                      "computed": true
                    },
                    "storage_account_type": {
                      "type": "string",
                      "description_kind": "plain",
                      "required": true
                    },
                    "write_accelerator_enabled": {
                      "type": "bool",
                      "description_kind": "plain",
                      "optional": true
                    }
                  },
                  "block_types": {
                    "diff_disk_settings": {
                      "nesting_mode": "list",
                      "block": {
                        "attributes": {
                          "option": {
                            "type": "string",
                            "description_kind": "plain",
                            "required": true
                          }
                        },
                        "description_kind": "plain"
                      },
                      "max_items": 1
                    }
                  },
                  "description_kind": "plain"
                },
                "min_items": 1,
                "max_items": 1
              },
              "plan": {
                "nesting_mode": "list",
                "block": {
                  "attributes": {
                    "name": {
                      "type": "string",
                      "description_kind": "plain",
                      "required": true
                    },
                    "product": {
                      "type": "string",
                      "description_kind": "plain",
                      "required": true
                    },
                    "publisher": {
                      "type": "string",
                      "description_kind": "plain",
                      "required": true
                    }
                  },
                  "description_kind": "plain"
                },
                "max_items": 1
              },
              "secret": {
                "nesting_mode": "list",
                "block": {
                  "attributes": {
                    "key_vault_id": {
                      "type": "string",
                      "description_kind": "plain",
                      "required": true
                    }
                  },
                  "block_types": {
                    "certificate": {
                      "nesting_mode": "set",
                      "block": {
                        "attributes": {
                          "store": {
                            "type": "string",
                            "description_kind": "plain",
                            "required": true
                          }
                        },
                        "description_kind": "plain"
                      },
                      "min_items": 1
                    }
                  },
                  "description_kind": "plain"
                }
              },
              "source_image_reference": {
                "nesting_mode": "list",
                "block": {
                  "attributes": {
                    "offer": {
                      "type": "string",
                      "description_kind": "plain",
                      "required": true
                    },
                    "publisher": {
                      "type": "string",
                      "description_kind": "plain",
                      "required": true
                    },
                    "sku": {
                      "type": "string",
                      "description_kind": "plain",
                      "required": true
                    },
                    "version": {
                      "type": "string",
                      "description_kind": "plain",
                      "required": true
                    }
                  },
                  "description_kind": "plain"
                },
                "max_items": 1
              },
              "timeouts": {
                "nesting_mode": "single",
                "block": {
                  "attributes": {
                    "create": {
                      "type": "string",
                      "description_kind": "plain",
                      "optional": true
                    },
                    "delete": {
                      "type": "string",
                      "description_kind": "plain",
                      "optional": true
                    },
                    "read": {
                      "type": "string",
                      "description_kind": "plain",
                      "optional": true
                    },
                    "update": {
                      "type": "string",
                      "description_kind": "plain",
                      "optional": true
                    }
                  },
                  "description_kind": "plain"
                }
              },
              "winrm_listener": {
                "nesting_mode": "set",
                "block": {
                  "attributes": {
                    "protocol": {
                      "type": "string",
                      "description_kind": "plain",
                      "required": true
                    }
                  },
                  "description_kind": "plain"
                }
              }
            },
            "description_kind": "plain"
          }
        },
        "azurestack_windows_virtual_machine_scale_set": {
          "version": 0,
          "block": {
            "attributes": {
              "admin_password": {
                "type": "string",
                "description_kind": "plain",
                "required": true,
                "sensitive": true
              },
              "admin_username": {
                "type": "string",
                "description_kind": "plain",
                "required": true
              },
              "computer_name_prefix": {
                "type": "string",
                "description_kind": "plain",
                "optional": true,
                "computed": true
              },
              "custom_data": {
                "type": "string",
                "description_kind": "plain",
                "optional": true,
                "sensitive": true
              },
              "do_not_run_extensions_on_overprovisioned_machines": {
                "type": "bool",
                "description_kind": "plain",
                "optional": true
              },
              "enable_automatic_updates": {
                "type": "bool",
                "description_kind": "plain",
                "optional": true
              },
              "encryption_at_host_enabled": {
                "type": "bool",
                "description_kind": "plain",
                "optional": true
              },
              "health_probe_id": {
                "type": "string",
                "description_kind": "plain",
                "optional": true
              },
              "id": {
                "type": "string",
                "description_kind": "plain",
                "optional": true,
                "computed": true
              },
              "instances": {
                "type": "number",
                "description_kind": "plain",
                "required": true
              },
              "license_type": {
                "type": "string",
                "description_kind": "plain",
                "optional": true
              },
              "location": {
                "type": "string",
                "description_kind": "plain",
                "required": true
              },
              "name": {
                "type": "string",
                "description_kind": "plain",
                "required": true
              },
              "overprovision": {
                "type": "bool",
                "description_kind": "plain",
                "optional": true
              },
              "platform_fault_domain_count": {
                "type": "number",
                "description_kind": "plain",
                "optional": true,
                "computed": true
              },
              "provision_vm_agent": {
                "type": "bool",
                "description_kind": "plain",
                "optional": true
              },
              "resource_group_name": {
                "type": "string",
                "description_kind": "plain",
                "required": true
              },
              "scale_in_policy": {
                "type": "string",
                "description_kind": "plain",
                "optional": true
              },
              "single_placement_group": {
                "type": "bool",
                "description_kind": "plain",
                "optional": true
              },
              "sku": {
                "type": "string",
                "description_kind": "plain",
                "required": true
              },
              "source_image_id": {
                "type": "string",
                "description_kind": "plain",
                "optional": true
              },
              "tags": {
                "type": [
                  "map",
                  "string"
                ],
                "description_kind": "plain",
                "optional": true
              },
              "timezone": {
                "type": "string",
                "description_kind": "plain",
                "optional": true
              },
              "unique_id": {
                "type": "string",
                "description_kind": "plain",
                "computed": true
              },
              "upgrade_mode": {
                "type": "string",
                "description_kind": "plain",
                "optional": true
              }
            },
            "block_types": {
              "additional_capabilities": {
                "nesting_mode": "list",
                "block": {
                  "attributes": {
                    "ultra_ssd_enabled": {
                      "type": "bool",
                      "description_kind": "plain",
                      "optional": true
                    }
                  },
                  "description_kind": "plain"
                },
                "max_items": 1
              },
              "additional_unattend_content": {
                "nesting_mode": "list",
                "block": {
                  "attributes": {
                    "content": {
                      "type": "string",
                      "description_kind": "plain",
                      "required": true,
                      "sensitive": true
                    },
                    "setting": {
                      "type": "string",
                      "description_kind": "plain",
                      "required": true
                    }
                  },
                  "description_kind": "plain"
                }
              },
              "automatic_instance_repair": {
                "nesting_mode": "list",
                "block": {
                  "attributes": {
                    "enabled": {
                      "type": "bool",
                      "description_kind": "plain",
                      "required": true
                    },
                    "grace_period": {
                      "type": "string",
                      "description_kind": "plain",
                      "optional": true
                    }
                  },
                  "description_kind": "plain"
                },
                "max_items": 1
              },
              "automatic_os_upgrade_policy": {
                "nesting_mode": "list",
                "block": {
                  "attributes": {
                    "disable_automatic_rollback": {
                      "type": "bool",
                      "description_kind": "plain",
                      "required": true
                    },
                    "enable_automatic_os_upgrade": {
                      "type": "bool",
                      "description_kind": "plain",
                      "required": true
                    }
                  },
                  "description_kind": "plain"
                },
                "max_items": 1
              },
              "boot_diagnostics": {
                "nesting_mode": "list",
                "block": {
                  "attributes": {
                    "storage_account_uri": {
                      "type": "string",
                      "description_kind": "plain",
                      "required": true
                    }
                  },
                  "description_kind": "plain"
                },
                "max_items": 1
              },
              "data_disk": {
                "nesting_mode": "list",
                "block": {
                  "attributes": {
                    "caching": {
                      "type": "string",
                      "description_kind": "plain",
                      "required": true
                    },
                    "create_option": {
                      "type": "string",
                      "description_kind": "plain",
                      "optional": true
                    },
                    "disk_encryption_set_id": {
                      "type": "string",
                      "description_kind": "plain",
                      "optional": true
                    },
                    "disk_size_gb": {
                      "type": "number",
                      "description_kind": "plain",
                      "required": true
                    },
                    "lun": {
                      "type": "number",
                      "description_kind": "plain",
                      "required": true
                    },
                    "storage_account_type": {
                      "type": "string",
                      "description_kind": "plain",
                      "required": true
                    },
                    "write_accelerator_enabled": {
                      "type": "bool",
                      "description_kind": "plain",
                      "optional": true
                    }
                  },
                  "description_kind": "plain"
                }
              },
              "extension": {
                "nesting_mode": "set",
                "block": {
                  "attributes": {
                    "auto_upgrade_minor_version": {
                      "type": "bool",
                      "description_kind": "plain",
                      "optional": true
                    },
                    "automatic_upgrade_enabled": {
                      "type": "bool",
                      "description_kind": "plain",
                      "optional": true
                    },
                    "force_update_tag": {
                      "type": "string",
                      "description_kind": "plain",
                      "optional": true
                    },
                    "name": {
                      "type": "string",
                      "description_kind": "plain",
                      "required": true
                    },
                    "protected_settings": {
                      "type": "string",
                      "description_kind": "plain",
                      "optional": true,
                      "sensitive": true
                    },
                    "provision_after_extensions": {
                      "type": [
                        "list",
                        "string"
                      ],
                      "description_kind": "plain",
                      "optional": true
                    },
                    "publisher": {
                      "type": "string",
                      "description_kind": "plain",
                      "required": true
                    },
                    "settings": {
                      "type": "string",
                      "description_kind": "plain",
                      "optional": true
                    },
                    "type": {
                      "type": "string",
                      "description_kind": "plain",
                      "required": true
                    },
                    "type_handler_version": {
                      "type": "string",
                      "description_kind": "plain",
                      "required": true
                    }
                  },
                  "description_kind": "plain"
                }
              },
              "network_interface": {
                "nesting_mode": "list",
                "block": {
                  "attributes": {
                    "dns_servers": {
                      "type": [
                        "list",
                        "string"
                      ],
                      "description_kind": "plain",
                      "optional": true
                    },
                    "enable_ip_forwarding": {
                      "type": "bool",
                      "description_kind": "plain",
                      "optional": true
                    },
                    "name": {
                      "type": "string",
                      "description_kind": "plain",
                      "required": true
                    },
                    "network_security_group_id": {
                      "type": "string",
                      "description_kind": "plain",
                      "optional": true
                    },
                    "primary": {
                      "type": "bool",
                      "description_kind": "plain",
                      "optional": true
                    }
                  },
                  "block_types": {
                    "ip_configuration": {
                      "nesting_mode": "list",
                      "block": {
                        "attributes": {
                          "load_balancer_backend_address_pool_ids": {
                            "type": [
                              "set",
                              "string"
                            ],
                            "description_kind": "plain",
                            "optional": true
                          },
                          "load_balancer_inbound_nat_rules_ids": {
                            "type": [
                              "set",
                              "string"
                            ],
                            "description_kind": "plain",
                            "optional": true
                          },
                          "name": {
                            "type": "string",
                            "description_kind": "plain",
                            "required": true
                          },
                          "primary": {
                            "type": "bool",
                            "description_kind": "plain",
                            "optional": true
                          },
                          "subnet_id": {
                            "type": "string",
                            "description_kind": "plain",
                            "optional": true
                          },
                          "version": {
                            "type": "string",
                            "description_kind": "plain",
                            "optional": true
                          }
                        },
                        "description_kind": "plain"
                      },
                      "min_items": 1
                    }
                  },
                  "description_kind": "plain"
                },
                "min_items": 1
              },
              "os_disk": {
                "nesting_mode": "list",
                "block": {
                  "attributes": {
                    "caching": {
                      "type": "string",
                      "description_kind": "plain",
                      "required": true
                    },
                    "disk_encryption_set_id": {
                      "type": "string",
                      "description_kind": "plain",
                      "optional": true
                    },
                    "disk_size_gb": {
                      "type": "number",
                      "description_kind": "plain",
                      "optional": true,
                      "computed": true
                    },
                    "storage_account_type": {
                      "type": "string",
                      "description_kind": "plain",
                      "required": true
                    },
                    "write_accelerator_enabled": {
                      "type": "bool",
                      "description_kind": "plain",
                      "optional": true
                    }
                  },
                  "block_types": {
                    "diff_disk_settings": {
                      "nesting_mode": "list",
                      "block": {
                        "attributes": {
                          "option": {
                            "type": "string",
                            "description_kind": "plain",
                            "required": true
                          }
                        },
                        "description_kind": "plain"
                      },
                      "max_items": 1
                    }
                  },
                  "description_kind": "plain"
                },
                "min_items": 1,
                "max_items": 1
              },
              "plan": {
                "nesting_mode": "list",
                "block": {
                  "attributes": {
                    "name": {
                      "type": "string",
                      "description_kind": "plain",
                      "required": true
                    },
                    "product": {
                      "type": "string",
                      "description_kind": "plain",
                      "required": true
                    },
                    "publisher": {
                      "type": "string",
                      "description_kind": "plain",
                      "required": true
                    }
                  },
                  "description_kind": "plain"
                },
                "max_items": 1
              },
              "secret": {
                "nesting_mode": "list",
                "block": {
                  "attributes": {
                    "key_vault_id": {
                      "type": "string",
                      "description_kind": "plain",
                      "required": true
                    }
                  },
                  "block_types": {
                    "certificate": {
                      "nesting_mode": "set",
                      "block": {
                        "attributes": {
                          "store": {
                            "type": "string",
                            "description_kind": "plain",
                            "required": true
                          }
                        },
                        "description_kind": "plain"
                      },
                      "min_items": 1
                    }
                  },
                  "description_kind": "plain"
                }
              },
              "source_image_reference": {
                "nesting_mode": "list",
                "block": {
                  "attributes": {
                    "offer": {
                      "type": "string",
                      "description_kind": "plain",
                      "required": true
                    },
                    "publisher": {
                      "type": "string",
                      "description_kind": "plain",
                      "required": true
                    },
                    "sku": {
                      "type": "string",
                      "description_kind": "plain",
                      "required": true
                    },
                    "version": {
                      "type": "string",
                      "description_kind": "plain",
                      "required": true
                    }
                  },
                  "description_kind": "plain"
                },
                "max_items": 1
              },
              "terminate_notification": {
                "nesting_mode": "list",
                "block": {
                  "attributes": {
                    "enabled": {
                      "type": "bool",
                      "description_kind": "plain",
                      "required": true
                    },
                    "timeout": {
                      "type": "string",
                      "description_kind": "plain",
                      "optional": true
                    }
                  },
                  "description_kind": "plain"
                },
                "max_items": 1
              },
              "timeouts": {
                "nesting_mode": "single",
                "block": {
                  "attributes": {
                    "create": {
                      "type": "string",
                      "description_kind": "plain",
                      "optional": true
                    },
                    "delete": {
                      "type": "string",
                      "description_kind": "plain",
                      "optional": true
                    },
                    "read": {
                      "type": "string",
                      "description_kind": "plain",
                      "optional": true
                    },
                    "update": {
                      "type": "string",
                      "description_kind": "plain",
                      "optional": true
                    }
                  },
                  "description_kind": "plain"
                }
              },
              "winrm_listener": {
                "nesting_mode": "set",
                "block": {
                  "attributes": {
                    "protocol": {
                      "type": "string",
                      "description_kind": "plain",
                      "required": true
                    }
                  },
                  "description_kind": "plain"
                }
              }
            },
            "description_kind": "plain"
          }
        }
      },
      "data_source_schemas": {
        "azurestack_availability_set": {
          "version": 0,
          "block": {
            "attributes": {
              "id": {
                "type": "string",
                "description_kind": "plain",
                "optional": true,
                "computed": true
              },
              "location": {
                "type": "string",
                "description_kind": "plain",
                "computed": true
              },
              "managed": {
                "type": "bool",
                "description_kind": "plain",
                "computed": true
              },
              "name": {
                "type": "string",
                "description_kind": "plain",
                "required": true
              },
              "platform_fault_domain_count": {
                "type": "string",
                "description_kind": "plain",
                "computed": true
              },
              "platform_update_domain_count": {
                "type": "string",
                "description_kind": "plain",
                "computed": true
              },
              "resource_group_name": {
                "type": "string",
                "description_kind": "plain",
                "required": true
              },
              "tags": {
                "type": [
                  "map",
                  "string"
                ],
                "description_kind": "plain",
                "computed": true
              }
            },
            "block_types": {
              "timeouts": {
                "nesting_mode": "single",
                "block": {
                  "attributes": {
                    "read": {
                      "type": "string",
                      "description_kind": "plain",
                      "optional": true
                    }
                  },
                  "description_kind": "plain"
                }
              }
            },
            "description_kind": "plain"
          }
        },
        "azurestack_client_config": {
          "version": 0,
          "block": {
            "attributes": {
              "client_id": {
                "type": "string",
                "description_kind": "plain",
                "computed": true
              },
              "id": {
                "type": "string",
                "description_kind": "plain",
                "optional": true,
                "computed": true
              },
              "object_id": {
                "type": "string",
                "description_kind": "plain",
                "computed": true
              },
              "service_principal_application_id": {
                "type": "string",
                "description_kind": "plain",
                "computed": true
              },
              "service_principal_object_id": {
                "type": "string",
                "description_kind": "plain",
                "computed": true
              },
              "subscription_id": {
                "type": "string",
                "description_kind": "plain",
                "computed": true
              },
              "tenant_id": {
                "type": "string",
                "description_kind": "plain",
                "computed": true
              }
            },
            "block_types": {
              "timeouts": {
                "nesting_mode": "single",
                "block": {
                  "attributes": {
                    "read": {
                      "type": "string",
                      "description_kind": "plain",
                      "optional": true
                    }
                  },
                  "description_kind": "plain"
                }
              }
            },
            "description_kind": "plain"
          }
        },
        "azurestack_dns_zone": {
          "version": 0,
          "block": {
            "attributes": {
              "id": {
                "type": "string",
                "description_kind": "plain",
                "optional": true,
                "computed": true
              },
              "max_number_of_record_sets": {
                "type": "number",
                "description_kind": "plain",
                "computed": true
              },
              "name": {
                "type": "string",
                "description_kind": "plain",
                "required": true
              },
              "name_servers": {
                "type": [
                  "set",
                  "string"
                ],
                "description_kind": "plain",
                "computed": true
              },
              "number_of_record_sets": {
                "type": "number",
                "description_kind": "plain",
                "computed": true
              },
              "resource_group_name": {
                "type": "string",
                "description_kind": "plain",
                "optional": true,
                "computed": true
              },
              "tags": {
                "type": [
                  "map",
                  "string"
                ],
                "description_kind": "plain",
                "computed": true
              }
            },
            "block_types": {
              "timeouts": {
                "nesting_mode": "single",
                "block": {
                  "attributes": {
                    "read": {
                      "type": "string",
                      "description_kind": "plain",
                      "optional": true
                    }
                  },
                  "description_kind": "plain"
                }
              }
            },
            "description_kind": "plain"
          }
        },
        "azurestack_image": {
          "version": 0,
          "block": {
            "attributes": {
              "data_disk": {
                "type": [
                  "list",
                  [
                    "object",
                    {
                      "blob_uri": "string",
                      "caching": "string",
                      "lun": "number",
                      "managed_disk_id": "string",
                      "size_gb": "number"
                    }
                  ]
                ],
                "description_kind": "plain",
                "computed": true
              },
              "id": {
                "type": "string",
                "description_kind": "plain",
                "optional": true,
                "computed": true
              },
              "location": {
                "type": "string",
                "description_kind": "plain",
                "computed": true
              },
              "name": {
                "type": "string",
                "description_kind": "plain",
                "optional": true
              },
              "name_regex": {
                "type": "string",
                "description_kind": "plain",
                "optional": true
              },
              "os_disk": {
                "type": [
                  "list",
                  [
                    "object",
                    {
                      "blob_uri": "string",
                      "caching": "string",
                      "managed_disk_id": "string",
                      "os_state": "string",
                      "os_type": "string",
                      "size_gb": "number"
                    }
                  ]
                ],
                "description_kind": "plain",
                "computed": true
              },
              "resource_group_name": {
                "type": "string",
                "description_kind": "plain",
                "required": true
              },
              "sort_descending": {
                "type": "bool",
                "description_kind": "plain",
                "optional": true
              },
              "tags": {
                "type": [
                  "map",
                  "string"
                ],
                "description_kind": "plain",
                "computed": true
              }
            },
            "block_types": {
              "timeouts": {
                "nesting_mode": "single",
                "block": {
                  "attributes": {
                    "read": {
                      "type": "string",
                      "description_kind": "plain",
                      "optional": true
                    }
                  },
                  "description_kind": "plain"
                }
              }
            },
            "description_kind": "plain"
          }
        },
        "azurestack_key_vault": {
          "version": 0,
          "block": {
            "attributes": {
              "access_policy": {
                "type": [
                  "list",
                  [
                    "object",
                    {
                      "application_id": "string",
                      "certificate_permissions": [
                        "list",
                        "string"
                      ],
                      "key_permissions": [
                        "list",
                        "string"
                      ],
                      "object_id": "string",
                      "secret_permissions": [
                        "list",
                        "string"
                      ],
                      "storage_permissions": [
                        "list",
                        "string"
                      ],
                      "tenant_id": "string"
                    }
                  ]
                ],
                "description_kind": "plain",
                "computed": true
              },
              "enabled_for_deployment": {
                "type": "bool",
                "description_kind": "plain",
                "computed": true
              },
              "enabled_for_disk_encryption": {
                "type": "bool",
                "description_kind": "plain",
                "computed": true
              },
              "enabled_for_template_deployment": {
                "type": "bool",
                "description_kind": "plain",
                "computed": true
              },
              "id": {
                "type": "string",
                "description_kind": "plain",
                "optional": true,
                "computed": true
              },
              "location": {
                "type": "string",
                "description_kind": "plain",
                "computed": true
              },
              "name": {
                "type": "string",
                "description_kind": "plain",
                "required": true
              },
              "network_acls": {
                "type": [
                  "list",
                  [
                    "object",
                    {
                      "bypass": "string",
                      "default_action": "string",
                      "ip_rules": [
                        "set",
                        "string"
                      ],
                      "virtual_network_subnet_ids": [
                        "set",
                        "string"
                      ]
                    }
                  ]
                ],
                "description_kind": "plain",
                "computed": true
              },
              "resource_group_name": {
                "type": "string",
                "description_kind": "plain",
                "required": true
              },
              "sku_name": {
                "type": "string",
                "description_kind": "plain",
                "computed": true
              },
              "tags": {
                "type": [
                  "map",
                  "string"
                ],
                "description_kind": "plain",
                "computed": true
              },
              "tenant_id": {
                "type": "string",
                "description_kind": "plain",
                "computed": true
              },
              "vault_uri": {
                "type": "string",
                "description_kind": "plain",
                "computed": true
              }
            },
            "block_types": {
              "timeouts": {
                "nesting_mode": "single",
                "block": {
                  "attributes": {
                    "read": {
                      "type": "string",
                      "description_kind": "plain",
                      "optional": true
                    }
                  },
                  "description_kind": "plain"
                }
              }
            },
            "description_kind": "plain"
          }
        },
        "azurestack_key_vault_access_policy": {
          "version": 0,
          "block": {
            "attributes": {
              "certificate_permissions": {
                "type": [
                  "list",
                  "string"
                ],
                "description_kind": "plain",
                "computed": true
              },
              "id": {
                "type": "string",
                "description_kind": "plain",
                "optional": true,
                "computed": true
              },
              "key_permissions": {
                "type": [
                  "list",
                  "string"
                ],
                "description_kind": "plain",
                "computed": true
              },
              "name": {
                "type": "string",
                "description_kind": "plain",
                "required": true
              },
              "secret_permissions": {
                "type": [
                  "list",
                  "string"
                ],
                "description_kind": "plain",
                "computed": true
              }
            },
            "block_types": {
              "timeouts": {
                "nesting_mode": "single",
                "block": {
                  "attributes": {
                    "read": {
                      "type": "string",
                      "description_kind": "plain",
                      "optional": true
                    }
                  },
                  "description_kind": "plain"
                }
              }
            },
            "description_kind": "plain"
          }
        },
        "azurestack_key_vault_key": {
          "version": 0,
          "block": {
            "attributes": {
              "e": {
                "type": "string",
                "description_kind": "plain",
                "computed": true
              },
              "id": {
                "type": "string",
                "description_kind": "plain",
                "optional": true,
                "computed": true
              },
              "key_opts": {
                "type": [
                  "list",
                  "string"
                ],
                "description_kind": "plain",
                "computed": true
              },
              "key_size": {
                "type": "number",
                "description_kind": "plain",
                "computed": true
              },
              "key_type": {
                "type": "string",
                "description_kind": "plain",
                "computed": true
              },
              "key_vault_id": {
                "type": "string",
                "description_kind": "plain",
                "required": true
              },
              "n": {
                "type": "string",
                "description_kind": "plain",
                "computed": true
              },
              "name": {
                "type": "string",
                "description_kind": "plain",
                "required": true
              },
              "tags": {
                "type": [
                  "map",
                  "string"
                ],
                "description_kind": "plain",
                "computed": true
              },
              "version": {
                "type": "string",
                "description_kind": "plain",
                "computed": true
              }
            },
            "block_types": {
              "timeouts": {
                "nesting_mode": "single",
                "block": {
                  "attributes": {
                    "read": {
                      "type": "string",
                      "description_kind": "plain",
                      "optional": true
                    }
                  },
                  "description_kind": "plain"
                }
              }
            },
            "description_kind": "plain"
          }
        },
        "azurestack_key_vault_secret": {
          "version": 0,
          "block": {
            "attributes": {
              "content_type": {
                "type": "string",
                "description_kind": "plain",
                "computed": true
              },
              "id": {
                "type": "string",
                "description_kind": "plain",
                "optional": true,
                "computed": true
              },
              "key_vault_id": {
                "type": "string",
                "description_kind": "plain",
                "required": true
              },
              "name": {
                "type": "string",
                "description_kind": "plain",
                "required": true
              },
              "tags": {
                "type": [
                  "map",
                  "string"
                ],
                "description_kind": "plain",
                "computed": true
              },
              "value": {
                "type": "string",
                "description_kind": "plain",
                "computed": true,
                "sensitive": true
              },
              "version": {
                "type": "string",
                "description_kind": "plain",
                "computed": true
              }
            },
            "block_types": {
              "timeouts": {
                "nesting_mode": "single",
                "block": {
                  "attributes": {
                    "read": {
                      "type": "string",
                      "description_kind": "plain",
                      "optional": true
                    }
                  },
                  "description_kind": "plain"
                }
              }
            },
            "description_kind": "plain"
          }
        },
        "azurestack_lb": {
          "version": 0,
          "block": {
            "attributes": {
              "frontend_ip_configuration": {
                "type": [
                  "list",
                  [
                    "object",
                    {
                      "id": "string",
                      "name": "string",
                      "private_ip_address": "string",
                      "private_ip_address_allocation": "string",
                      "public_ip_address_id": "string",
                      "subnet_id": "string",
                      "zones": "string"
                    }
                  ]
                ],
                "description_kind": "plain",
                "computed": true
              },
              "id": {
                "type": "string",
                "description_kind": "plain",
                "optional": true,
                "computed": true
              },
              "location": {
                "type": "string",
                "description_kind": "plain",
                "computed": true
              },
              "name": {
                "type": "string",
                "description_kind": "plain",
                "required": true
              },
              "private_ip_address": {
                "type": "string",
                "description_kind": "plain",
                "computed": true
              },
              "private_ip_addresses": {
                "type": [
                  "list",
                  "string"
                ],
                "description_kind": "plain",
                "computed": true
              },
              "resource_group_name": {
                "type": "string",
                "description_kind": "plain",
                "required": true
              },
              "tags": {
                "type": [
                  "map",
                  "string"
                ],
                "description_kind": "plain",
                "computed": true
              }
            },
            "block_types": {
              "timeouts": {
                "nesting_mode": "single",
                "block": {
                  "attributes": {
                    "read": {
                      "type": "string",
                      "description_kind": "plain",
                      "optional": true
                    }
                  },
                  "description_kind": "plain"
                }
              }
            },
            "description_kind": "plain"
          }
        },
        "azurestack_lb_backend_address_pool": {
          "version": 0,
          "block": {
            "attributes": {
              "backend_ip_configurations": {
                "type": [
                  "list",
                  [
                    "object",
                    {
                      "id": "string"
                    }
                  ]
                ],
                "description_kind": "plain",
                "computed": true
              },
              "id": {
                "type": "string",
                "description_kind": "plain",
                "optional": true,
                "computed": true
              },
              "load_balancing_rules": {
                "type": [
                  "list",
                  "string"
                ],
                "description_kind": "plain",
                "computed": true
              },
              "loadbalancer_id": {
                "type": "string",
                "description_kind": "plain",
                "required": true
              },
              "name": {
                "type": "string",
                "description_kind": "plain",
                "required": true
              }
            },
            "block_types": {
              "timeouts": {
                "nesting_mode": "single",
                "block": {
                  "attributes": {
                    "read": {
                      "type": "string",
                      "description_kind": "plain",
                      "optional": true
                    }
                  },
                  "description_kind": "plain"
                }
              }
            },
            "description_kind": "plain"
          }
        },
        "azurestack_lb_rule": {
          "version": 0,
          "block": {
            "attributes": {
              "backend_address_pool_id": {
                "type": "string",
                "description_kind": "plain",
                "computed": true
              },
              "backend_port": {
                "type": "number",
                "description_kind": "plain",
                "computed": true
              },
              "disable_outbound_snat": {
                "type": "bool",
                "description_kind": "plain",
                "computed": true
              },
              "enable_floating_ip": {
                "type": "bool",
                "description_kind": "plain",
                "computed": true
              },
              "frontend_ip_configuration_name": {
                "type": "string",
                "description_kind": "plain",
                "computed": true
              },
              "frontend_port": {
                "type": "number",
                "description_kind": "plain",
                "computed": true
              },
              "id": {
                "type": "string",
                "description_kind": "plain",
                "optional": true,
                "computed": true
              },
              "idle_timeout_in_minutes": {
                "type": "number",
                "description_kind": "plain",
                "computed": true
              },
              "load_distribution": {
                "type": "string",
                "description_kind": "plain",
                "computed": true
              },
              "loadbalancer_id": {
                "type": "string",
                "description_kind": "plain",
                "required": true
              },
              "name": {
                "type": "string",
                "description_kind": "plain",
                "required": true
              },
              "probe_id": {
                "type": "string",
                "description_kind": "plain",
                "computed": true
              },
              "protocol": {
                "type": "string",
                "description_kind": "plain",
                "computed": true
              },
              "resource_group_name": {
                "type": "string",
                "description_kind": "plain",
                "required": true
              }
            },
            "block_types": {
              "timeouts": {
                "nesting_mode": "single",
                "block": {
                  "attributes": {
                    "read": {
                      "type": "string",
                      "description_kind": "plain",
                      "optional": true
                    }
                  },
                  "description_kind": "plain"
                }
              }
            },
            "description_kind": "plain"
          }
        },
        "azurestack_local_network_gateway": {
          "version": 0,
          "block": {
            "attributes": {
              "address_space": {
                "type": [
                  "list",
                  "string"
                ],
                "description_kind": "plain",
                "computed": true
              },
              "bgp_settings": {
                "type": [
                  "list",
                  [
                    "object",
                    {
                      "asn": "number",
                      "bgp_peering_address": "string",
                      "peer_weight": "number"
                    }
                  ]
                ],
                "description_kind": "plain",
                "computed": true
              },
              "gateway_address": {
                "type": "string",
                "description_kind": "plain",
                "computed": true
              },
              "id": {
                "type": "string",
                "description_kind": "plain",
                "optional": true,
                "computed": true
              },
              "location": {
                "type": "string",
                "description_kind": "plain",
                "computed": true
              },
              "name": {
                "type": "string",
                "description_kind": "plain",
                "required": true
              },
              "resource_group_name": {
                "type": "string",
                "description_kind": "plain",
                "required": true
              },
              "tags": {
                "type": [
                  "map",
                  "string"
                ],
                "description_kind": "plain",
                "computed": true
              }
            },
            "block_types": {
              "timeouts": {
                "nesting_mode": "single",
                "block": {
                  "attributes": {
                    "read": {
                      "type": "string",
                      "description_kind": "plain",
                      "optional": true
                    }
                  },
                  "description_kind": "plain"
                }
              }
            },
            "description_kind": "plain"
          }
        },
        "azurestack_managed_disk": {
          "version": 0,
          "block": {
            "attributes": {
              "create_option": {
                "type": "string",
                "description_kind": "plain",
                "computed": true
              },
              "disk_size_gb": {
                "type": "number",
                "description_kind": "plain",
                "computed": true
              },
              "id": {
                "type": "string",
                "description_kind": "plain",
                "optional": true,
                "computed": true
              },
              "image_reference_id": {
                "type": "string",
                "description_kind": "plain",
                "computed": true
              },
              "name": {
                "type": "string",
                "description_kind": "plain",
                "required": true
              },
              "os_type": {
                "type": "string",
                "description_kind": "plain",
                "computed": true
              },
              "resource_group_name": {
                "type": "string",
                "description_kind": "plain",
                "required": true
              },
              "source_resource_id": {
                "type": "string",
                "description_kind": "plain",
                "computed": true
              },
              "source_uri": {
                "type": "string",
                "description_kind": "plain",
                "computed": true
              },
              "storage_account_id": {
                "type": "string",
                "description_kind": "plain",
                "computed": true
              },
              "storage_account_type": {
                "type": "string",
                "description_kind": "plain",
                "computed": true
              },
              "tags": {
                "type": [
                  "map",
                  "string"
                ],
                "description_kind": "plain",
                "optional": true
              }
            },
            "block_types": {
              "timeouts": {
                "nesting_mode": "single",
                "block": {
                  "attributes": {
                    "read": {
                      "type": "string",
                      "description_kind": "plain",
                      "optional": true
                    }
                  },
                  "description_kind": "plain"
                }
              }
            },
            "description_kind": "plain"
          }
        },
        "azurestack_network_interface": {
          "version": 0,
          "block": {
            "attributes": {
              "applied_dns_servers": {
                "type": [
                  "set",
                  "string"
                ],
                "description_kind": "plain",
                "computed": true
              },
              "dns_servers": {
                "type": [
                  "set",
                  "string"
                ],
                "description_kind": "plain",
                "computed": true
              },
              "enable_ip_forwarding": {
                "type": "bool",
                "description_kind": "plain",
                "computed": true
              },
              "id": {
                "type": "string",
                "description_kind": "plain",
                "optional": true,
                "computed": true
              },
              "internal_dns_name_label": {
                "type": "string",
                "description_kind": "plain",
                "computed": true
              },
              "ip_configuration": {
                "type": [
                  "list",
                  [
                    "object",
                    {
                      "application_gateway_backend_address_pools_ids": [
                        "set",
                        "string"
                      ],
                      "load_balancer_backend_address_pools_ids": [
                        "set",
                        "string"
                      ],
                      "load_balancer_inbound_nat_rules_ids": [
                        "set",
                        "string"
                      ],
                      "name": "string",
                      "primary": "bool",
                      "private_ip_address": "string",
                      "private_ip_address_allocation": "string",
                      "private_ip_address_version": "string",
                      "public_ip_address_id": "string",
                      "subnet_id": "string"
                    }
                  ]
                ],
                "description_kind": "plain",
                "computed": true
              },
              "location": {
                "type": "string",
                "description_kind": "plain",
                "computed": true
              },
              "mac_address": {
                "type": "string",
                "description_kind": "plain",
                "computed": true
              },
              "name": {
                "type": "string",
                "description_kind": "plain",
                "required": true
              },
              "network_security_group_id": {
                "type": "string",
                "description_kind": "plain",
                "computed": true
              },
              "private_ip_address": {
                "type": "string",
                "description_kind": "plain",
                "computed": true
              },
              "private_ip_addresses": {
                "type": [
                  "list",
                  "string"
                ],
                "description_kind": "plain",
                "computed": true
              },
              "resource_group_name": {
                "type": "string",
                "description_kind": "plain",
                "required": true
              },
              "tags": {
                "type": [
                  "map",
                  "string"
                ],
                "description_kind": "plain",
                "computed": true
              },
              "virtual_machine_id": {
                "type": "string",
                "description_kind": "plain",
                "computed": true
              }
            },
            "block_types": {
              "timeouts": {
                "nesting_mode": "single",
                "block": {
                  "attributes": {
                    "read": {
                      "type": "string",
                      "description_kind": "plain",
                      "optional": true
                    }
                  },
                  "description_kind": "plain"
                }
              }
            },
            "description_kind": "plain"
          }
        },
        "azurestack_network_security_group": {
          "version": 0,
          "block": {
            "attributes": {
              "id": {
                "type": "string",
                "description_kind": "plain",
                "optional": true,
                "computed": true
              },
              "location": {
                "type": "string",
                "description_kind": "plain",
                "computed": true
              },
              "name": {
                "type": "string",
                "description_kind": "plain",
                "required": true
              },
              "resource_group_name": {
                "type": "string",
                "description_kind": "plain",
                "required": true
              },
              "security_rule": {
                "type": [
                  "list",
                  [
                    "object",
                    {
                      "access": "string",
                      "description": "string",
                      "destination_address_prefix": "string",
                      "destination_address_prefixes": [
                        "set",
                        "string"
                      ],
                      "destination_port_range": "string",
                      "destination_port_ranges": [
                        "set",
                        "string"
                      ],
                      "direction": "string",
                      "name": "string",
                      "priority": "number",
                      "protocol": "string",
                      "source_address_prefix": "string",
                      "source_address_prefixes": [
                        "set",
                        "string"
                      ],
                      "source_port_range": "string",
                      "source_port_ranges": [
                        "set",
                        "string"
                      ]
                    }
                  ]
                ],
                "description_kind": "plain",
                "computed": true
              },
              "tags": {
                "type": [
                  "map",
                  "string"
                ],
                "description_kind": "plain",
                "computed": true
              }
            },
            "block_types": {
              "timeouts": {
                "nesting_mode": "single",
                "block": {
                  "attributes": {
                    "read": {
                      "type": "string",
                      "description_kind": "plain",
                      "optional": true
                    }
                  },
                  "description_kind": "plain"
                }
              }
            },
            "description_kind": "plain"
          }
        },
        "azurestack_platform_image": {
          "version": 0,
          "block": {
            "attributes": {
              "id": {
                "type": "string",
                "description_kind": "plain",
                "optional": true,
                "computed": true
              },
              "location": {
                "type": "string",
                "description_kind": "plain",
                "required": true
              },
              "offer": {
                "type": "string",
                "description_kind": "plain",
                "required": true
              },
              "publisher": {
                "type": "string",
                "description_kind": "plain",
                "required": true
              },
              "sku": {
                "type": "string",
                "description_kind": "plain",
                "required": true
              },
              "version": {
                "type": "string",
                "description_kind": "plain",
                "optional": true,
                "computed": true
              }
            },
            "block_types": {
              "timeouts": {
                "nesting_mode": "single",
                "block": {
                  "attributes": {
                    "read": {
                      "type": "string",
                      "description_kind": "plain",
                      "optional": true
                    }
                  },
                  "description_kind": "plain"
                }
              }
            },
            "description_kind": "plain"
          }
        },
        "azurestack_public_ip": {
          "version": 0,
          "block": {
            "attributes": {
              "allocation_method": {
                "type": "string",
                "description_kind": "plain",
                "computed": true
              },
              "domain_name_label": {
                "type": "string",
                "description_kind": "plain",
                "computed": true
              },
              "fqdn": {
                "type": "string",
                "description_kind": "plain",
                "computed": true
              },
              "id": {
                "type": "string",
                "description_kind": "plain",
                "optional": true,
                "computed": true
              },
              "idle_timeout_in_minutes": {
                "type": "number",
                "description_kind": "plain",
                "computed": true
              },
              "ip_address": {
                "type": "string",
                "description_kind": "plain",
                "computed": true
              },
              "ip_version": {
                "type": "string",
                "description_kind": "plain",
                "computed": true
              },
              "location": {
                "type": "string",
                "description_kind": "plain",
                "computed": true
              },
              "name": {
                "type": "string",
                "description_kind": "plain",
                "required": true
              },
              "resource_group_name": {
                "type": "string",
                "description_kind": "plain",
                "required": true
              },
              "reverse_fqdn": {
                "type": "string",
                "description_kind": "plain",
                "computed": true
              },
              "sku": {
                "type": "string",
                "description_kind": "plain",
                "computed": true
              },
              "tags": {
                "type": [
                  "map",
                  "string"
                ],
                "description_kind": "plain",
                "optional": true
              },
              "zones": {
                "type": [
                  "list",
                  "string"
                ],
                "description_kind": "plain",
                "computed": true
              }
            },
            "block_types": {
              "timeouts": {
                "nesting_mode": "single",
                "block": {
                  "attributes": {
                    "read": {
                      "type": "string",
                      "description_kind": "plain",
                      "optional": true
                    }
                  },
                  "description_kind": "plain"
                }
              }
            },
            "description_kind": "plain"
          }
        },
        "azurestack_public_ips": {
          "version": 0,
          "block": {
            "attributes": {
              "allocation_type": {
                "type": "string",
                "description_kind": "plain",
                "optional": true
              },
              "attached": {
                "type": "bool",
                "description_kind": "plain",
                "deprecated": true,
                "optional": true
              },
              "attachment_status": {
                "type": "string",
                "description_kind": "plain",
                "optional": true
              },
              "id": {
                "type": "string",
                "description_kind": "plain",
                "optional": true,
                "computed": true
              },
              "name_prefix": {
                "type": "string",
                "description_kind": "plain",
                "optional": true
              },
              "public_ips": {
                "type": [
                  "list",
                  [
                    "object",
                    {
                      "domain_name_label": "string",
                      "fqdn": "string",
                      "id": "string",
                      "ip_address": "string",
                      "name": "string"
                    }
                  ]
                ],
                "description_kind": "plain",
                "computed": true
              },
              "resource_group_name": {
                "type": "string",
                "description_kind": "plain",
                "required": true
              }
            },
            "block_types": {
              "timeouts": {
                "nesting_mode": "single",
                "block": {
                  "attributes": {
                    "read": {
                      "type": "string",
                      "description_kind": "plain",
                      "optional": true
                    }
                  },
                  "description_kind": "plain"
                }
              }
            },
            "description_kind": "plain"
          }
        },
        "azurestack_resource_group": {
          "version": 0,
          "block": {
            "attributes": {
              "id": {
                "type": "string",
                "description_kind": "plain",
                "optional": true,
                "computed": true
              },
              "location": {
                "type": "string",
                "description_kind": "plain",
                "computed": true
              },
              "name": {
                "type": "string",
                "description_kind": "plain",
                "required": true
              },
              "tags": {
                "type": [
                  "map",
                  "string"
                ],
                "description_kind": "plain",
                "computed": true
              }
            },
            "block_types": {
              "timeouts": {
                "nesting_mode": "single",
                "block": {
                  "attributes": {
                    "read": {
                      "type": "string",
                      "description_kind": "plain",
                      "optional": true
                    }
                  },
                  "description_kind": "plain"
                }
              }
            },
            "description_kind": "plain"
          }
        },
        "azurestack_resources": {
          "version": 0,
          "block": {
            "attributes": {
              "id": {
                "type": "string",
                "description_kind": "plain",
                "optional": true,
                "computed": true
              },
              "name": {
                "type": "string",
                "description_kind": "plain",
                "optional": true,
                "computed": true
              },
              "required_tags": {
                "type": [
                  "map",
                  "string"
                ],
                "description_kind": "plain",
                "optional": true
              },
              "resource_group_name": {
                "type": "string",
                "description_kind": "plain",
                "optional": true,
                "computed": true
              },
              "resources": {
                "type": [
                  "list",
                  [
                    "object",
                    {
                      "id": "string",
                      "location": "string",
                      "name": "string",
                      "tags": [
                        "map",
                        "string"
                      ],
                      "type": "string"
                    }
                  ]
                ],
                "description_kind": "plain",
                "computed": true
              },
              "type": {
                "type": "string",
                "description_kind": "plain",
                "optional": true,
                "computed": true
              }
            },
            "block_types": {
              "timeouts": {
                "nesting_mode": "single",
                "block": {
                  "attributes": {
                    "read": {
                      "type": "string",
                      "description_kind": "plain",
                      "optional": true
                    }
                  },
                  "description_kind": "plain"
                }
              }
            },
            "description_kind": "plain"
          }
        },
        "azurestack_route_table": {
          "version": 0,
          "block": {
            "attributes": {
              "id": {
                "type": "string",
                "description_kind": "plain",
                "optional": true,
                "computed": true
              },
              "location": {
                "type": "string",
                "description_kind": "plain",
                "computed": true
              },
              "name": {
                "type": "string",
                "description_kind": "plain",
                "required": true
              },
              "resource_group_name": {
                "type": "string",
                "description_kind": "plain",
                "required": true
              },
              "route": {
                "type": [
                  "list",
                  [
                    "object",
                    {
                      "address_prefix": "string",
                      "name": "string",
                      "next_hop_in_ip_address": "string",
                      "next_hop_type": "string"
                    }
                  ]
                ],
                "description_kind": "plain",
                "computed": true
              },
              "subnets": {
                "type": [
                  "set",
                  "string"
                ],
                "description_kind": "plain",
                "computed": true
              },
              "tags": {
                "type": [
                  "map",
                  "string"
                ],
                "description_kind": "plain",
                "computed": true
              }
            },
            "block_types": {
              "timeouts": {
                "nesting_mode": "single",
                "block": {
                  "attributes": {
                    "read": {
                      "type": "string",
                      "description_kind": "plain",
                      "optional": true
                    }
                  },
                  "description_kind": "plain"
                }
              }
            },
            "description_kind": "plain"
          }
        },
        "azurestack_storage_account": {
          "version": 0,
          "block": {
            "attributes": {
              "account_encryption_source": {
                "type": "string",
                "description_kind": "plain",
                "computed": true
              },
              "account_kind": {
                "type": "string",
                "description_kind": "plain",
                "computed": true
              },
              "account_replication_type": {
                "type": "string",
                "description_kind": "plain",
                "computed": true
              },
              "account_tier": {
                "type": "string",
                "description_kind": "plain",
                "computed": true
              },
              "custom_domain": {
                "type": [
                  "list",
                  [
                    "object",
                    {
                      "name": "string"
                    }
                  ]
                ],
                "description_kind": "plain",
                "computed": true
              },
              "enable_blob_encryption": {
                "type": "bool",
                "description_kind": "plain",
                "computed": true
              },
              "https_traffic_only_enabled": {
                "type": "bool",
                "description_kind": "plain",
                "computed": true
              },
              "id": {
                "type": "string",
                "description_kind": "plain",
                "optional": true,
                "computed": true
              },
              "location": {
                "type": "string",
                "description_kind": "plain",
                "computed": true
              },
              "name": {
                "type": "string",
                "description_kind": "plain",
                "required": true
              },
              "primary_access_key": {
                "type": "string",
                "description_kind": "plain",
                "computed": true
              },
              "primary_blob_connection_string": {
                "type": "string",
                "description_kind": "plain",
                "computed": true
              },
              "primary_blob_endpoint": {
                "type": "string",
                "description_kind": "plain",
                "computed": true
              },
              "primary_connection_string": {
                "type": "string",
                "description_kind": "plain",
                "computed": true
              },
              "primary_file_endpoint": {
                "type": "string",
                "description_kind": "plain",
                "computed": true
              },
              "primary_location": {
                "type": "string",
                "description_kind": "plain",
                "computed": true
              },
              "primary_queue_endpoint": {
                "type": "string",
                "description_kind": "plain",
                "computed": true
              },
              "primary_table_endpoint": {
                "type": "string",
                "description_kind": "plain",
                "computed": true
              },
              "resource_group_name": {
                "type": "string",
                "description_kind": "plain",
                "required": true
              },
              "secondary_access_key": {
                "type": "string",
                "description_kind": "plain",
                "computed": true
              },
              "secondary_blob_connection_string": {
                "type": "string",
                "description_kind": "plain",
                "computed": true
              },
              "secondary_blob_endpoint": {
                "type": "string",
                "description_kind": "plain",
                "computed": true
              },
              "secondary_connection_string": {
                "type": "string",
                "description_kind": "plain",
                "computed": true
              },
              "secondary_location": {
                "type": "string",
                "description_kind": "plain",
                "computed": true
              },
              "secondary_queue_endpoint": {
                "type": "string",
                "description_kind": "plain",
                "computed": true
              },
              "secondary_table_endpoint": {
                "type": "string",
                "description_kind": "plain",
                "computed": true
              },
              "tags": {
                "type": [
                  "map",
                  "string"
                ],
                "description_kind": "plain",
                "computed": true
              }
            },
            "block_types": {
              "timeouts": {
                "nesting_mode": "single",
                "block": {
                  "attributes": {
                    "read": {
                      "type": "string",
                      "description_kind": "plain",
                      "optional": true
                    }
                  },
                  "description_kind": "plain"
                }
              }
            },
            "description_kind": "plain"
          }
        },
        "azurestack_storage_container": {
          "version": 0,
          "block": {
            "attributes": {
              "container_access_type": {
                "type": "string",
                "description_kind": "plain",
                "computed": true
              },
              "has_immutability_policy": {
                "type": "bool",
                "description_kind": "plain",
                "computed": true
              },
              "has_legal_hold": {
                "type": "bool",
                "description_kind": "plain",
                "computed": true
              },
              "id": {
                "type": "string",
                "description_kind": "plain",
                "optional": true,
                "computed": true
              },
              "metadata": {
                "type": [
                  "map",
                  "string"
                ],
                "description_kind": "plain",
                "optional": true
              },
              "name": {
                "type": "string",
                "description_kind": "plain",
                "required": true
              },
              "storage_account_name": {
                "type": "string",
                "description_kind": "plain",
                "required": true
              }
            },
            "block_types": {
              "timeouts": {
                "nesting_mode": "single",
                "block": {
                  "attributes": {
                    "read": {
                      "type": "string",
                      "description_kind": "plain",
                      "optional": true
                    }
                  },
                  "description_kind": "plain"
                }
              }
            },
            "description_kind": "plain"
          }
        },
        "azurestack_subnet": {
          "version": 0,
          "block": {
            "attributes": {
              "address_prefix": {
                "type": "string",
                "description_kind": "plain",
                "computed": true
              },
              "id": {
                "type": "string",
                "description_kind": "plain",
                "optional": true,
                "computed": true
              },
              "name": {
                "type": "string",
                "description_kind": "plain",
                "required": true
              },
              "network_security_group_id": {
                "type": "string",
                "description_kind": "plain",
                "computed": true
              },
              "resource_group_name": {
                "type": "string",
                "description_kind": "plain",
                "required": true
              },
              "route_table_id": {
                "type": "string",
                "description_kind": "plain",
                "computed": true
              },
              "virtual_network_name": {
                "type": "string",
                "description_kind": "plain",
                "required": true
              }
            },
            "block_types": {
              "timeouts": {
                "nesting_mode": "single",
                "block": {
                  "attributes": {
                    "read": {
                      "type": "string",
                      "description_kind": "plain",
                      "optional": true
                    }
                  },
                  "description_kind": "plain"
                }
              }
            },
            "description_kind": "plain"
          }
        },
        "azurestack_virtual_network": {
          "version": 0,
          "block": {
            "attributes": {
              "address_space": {
                "type": [
                  "list",
                  "string"
                ],
                "description_kind": "plain",
                "computed": true
              },
              "dns_servers": {
                "type": [
                  "list",
                  "string"
                ],
                "description_kind": "plain",
                "computed": true
              },
              "guid": {
                "type": "string",
                "description_kind": "plain",
                "computed": true
              },
              "id": {
                "type": "string",
                "description_kind": "plain",
                "optional": true,
                "computed": true
              },
              "location": {
                "type": "string",
                "description_kind": "plain",
                "computed": true
              },
              "name": {
                "type": "string",
                "description_kind": "plain",
                "required": true
              },
              "resource_group_name": {
                "type": "string",
                "description_kind": "plain",
                "required": true
              },
              "subnets": {
                "type": [
                  "list",
                  "string"
                ],
                "description_kind": "plain",
                "computed": true
              },
              "vnet_peerings": {
                "type": [
                  "map",
                  "string"
                ],
                "description_kind": "plain",
                "computed": true
              }
            },
            "block_types": {
              "timeouts": {
                "nesting_mode": "single",
                "block": {
                  "attributes": {
                    "read": {
                      "type": "string",
                      "description_kind": "plain",
                      "optional": true
                    }
                  },
                  "description_kind": "plain"
                }
              }
            },
            "description_kind": "plain"
          }
        },
        "azurestack_virtual_network_gateway": {
          "version": 0,
          "block": {
            "attributes": {
              "active_active": {
                "type": "bool",
                "description_kind": "plain",
                "computed": true
              },
              "bgp_settings": {
                "type": [
                  "list",
                  [
                    "object",
                    {
                      "asn": "number",
                      "peer_weight": "number",
                      "peering_address": "string"
                    }
                  ]
                ],
                "description_kind": "plain",
                "computed": true
              },
              "default_local_network_gateway_id": {
                "type": "string",
                "description_kind": "plain",
                "computed": true
              },
              "enable_bgp": {
                "type": "bool",
                "description_kind": "plain",
                "computed": true
              },
              "id": {
                "type": "string",
                "description_kind": "plain",
                "optional": true,
                "computed": true
              },
              "ip_configuration": {
                "type": [
                  "list",
                  [
                    "object",
                    {
                      "name": "string",
                      "private_ip_address_allocation": "string",
                      "public_ip_address_id": "string",
                      "subnet_id": "string"
                    }
                  ]
                ],
                "description_kind": "plain",
                "computed": true
              },
              "location": {
                "type": "string",
                "description_kind": "plain",
                "computed": true
              },
              "name": {
                "type": "string",
                "description_kind": "plain",
                "required": true
              },
              "resource_group_name": {
                "type": "string",
                "description_kind": "plain",
                "required": true
              },
              "sku": {
                "type": "string",
                "description_kind": "plain",
                "computed": true
              },
              "tags": {
                "type": [
                  "map",
                  "string"
                ],
                "description_kind": "plain",
                "computed": true
              },
              "type": {
                "type": "string",
                "description_kind": "plain",
                "computed": true
              },
              "vpn_client_configuration": {
                "type": [
                  "list",
                  [
                    "object",
                    {
                      "address_space": [
                        "list",
                        "string"
                      ],
                      "radius_server_address": "string",
                      "radius_server_secret": "string",
                      "revoked_certificate": [
                        "list",
                        [
                          "object",
                          {
                            "name": "string",
                            "thumbprint": "string"
                          }
                        ]
                      ],
                      "root_certificate": [
                        "list",
                        [
                          "object",
                          {
                            "name": "string",
                            "public_cert_data": "string"
                          }
                        ]
                      ],
                      "vpn_client_protocols": [
                        "set",
                        "string"
                      ]
                    }
                  ]
                ],
                "description_kind": "plain",
                "computed": true
              },
              "vpn_type": {
                "type": "string",
                "description_kind": "plain",
                "computed": true
              }
            },
            "block_types": {
              "timeouts": {
                "nesting_mode": "single",
                "block": {
                  "attributes": {
                    "read": {
                      "type": "string",
                      "description_kind": "plain",
                      "optional": true
                    }
                  },
                  "description_kind": "plain"
                }
              }
            },
            "description_kind": "plain"
          }
        },
        "azurestack_virtual_network_gateway_connection": {
          "version": 0,
          "block": {
            "attributes": {
              "authorization_key": {
                "type": "string",
                "description_kind": "plain",
                "computed": true
              },
              "egress_bytes_transferred": {
                "type": "number",
                "description_kind": "plain",
                "computed": true
              },
              "enable_bgp": {
                "type": "bool",
                "description_kind": "plain",
                "computed": true
              },
              "express_route_circuit_id": {
                "type": "string",
                "description_kind": "plain",
                "computed": true
              },
              "id": {
                "type": "string",
                "description_kind": "plain",
                "optional": true,
                "computed": true
              },
              "ingress_bytes_transferred": {
                "type": "number",
                "description_kind": "plain",
                "computed": true
              },
              "ipsec_policy": {
                "type": [
                  "list",
                  [
                    "object",
                    {
                      "dh_group": "string",
                      "ike_encryption": "string",
                      "ike_integrity": "string",
                      "ipsec_encryption": "string",
                      "ipsec_integrity": "string",
                      "pfs_group": "string",
                      "sa_datasize": "number",
                      "sa_lifetime": "number"
                    }
                  ]
                ],
                "description_kind": "plain",
                "computed": true
              },
              "local_network_gateway_id": {
                "type": "string",
                "description_kind": "plain",
                "computed": true
              },
              "location": {
                "type": "string",
                "description_kind": "plain",
                "computed": true
              },
              "name": {
                "type": "string",
                "description_kind": "plain",
                "required": true
              },
              "peer_virtual_network_gateway_id": {
                "type": "string",
                "description_kind": "plain",
                "computed": true
              },
              "resource_group_name": {
                "type": "string",
                "description_kind": "plain",
                "required": true
              },
              "resource_guid": {
                "type": "string",
                "description_kind": "plain",
                "computed": true
              },
              "routing_weight": {
                "type": "number",
                "description_kind": "plain",
                "computed": true
              },
              "shared_key": {
                "type": "string",
                "description_kind": "plain",
                "computed": true
              },
              "tags": {
                "type": [
                  "map",
                  "string"
                ],
                "description_kind": "plain",
                "computed": true
              },
              "type": {
                "type": "string",
                "description_kind": "plain",
                "computed": true
              },
              "use_policy_based_traffic_selectors": {
                "type": "bool",
                "description_kind": "plain",
                "computed": true
              },
              "virtual_network_gateway_id": {
                "type": "string",
                "description_kind": "plain",
                "computed": true
              }
            },
            "block_types": {
              "timeouts": {
                "nesting_mode": "single",
                "block": {
                  "attributes": {
                    "read": {
                      "type": "string",
                      "description_kind": "plain",
                      "optional": true
                    }
                  },
                  "description_kind": "plain"
                }
              }
            },
            "description_kind": "plain"
          }
        }
      }
    }
  }
}
