{
  "format_version": "1.0",
  "provider_schemas": {
    "registry.terraform.io/baidubce/baiducloud": {
      "provider": {
        "version": 0,
        "block": {
          "attributes": {
            "access_key": {
              "type": "string",
              "description": "The Access Key of BaiduCloud for API operations. You can retrieve this from the 'Security Management' section of the BaiduCloud console.",
              "description_kind": "plain",
              "required": true
            },
            "region": {
              "type": "string",
              "description": "The region where BaiduCloud operations will take place. Examples are bj, su, gz, etc.",
              "description_kind": "plain",
              "optional": true
            },
            "secret_key": {
              "type": "string",
              "description": "The Secret key of BaiduCloud for API operations. You can retrieve this from the 'Security Management' section of the BaiduCloud console.",
              "description_kind": "plain",
              "required": true,
              "sensitive": true
            }
          },
          "block_types": {
            "assume_role": {
              "nesting_mode": "list",
              "block": {
                "attributes": {
                  "account_id": {
                    "type": "string",
                    "description": "The main account id for assume role account.",
                    "description_kind": "plain",
                    "required": true
                  },
                  "acl": {
                    "type": "string",
                    "description": "The acl for this assume role.",
                    "description_kind": "plain",
                    "optional": true
                  },
                  "role_name": {
                    "type": "string",
                    "description": "The role name for assume role.",
                    "description_kind": "plain",
                    "required": true
                  },
                  "user_id": {
                    "type": "string",
                    "description": "The user id for assume role.",
                    "description_kind": "plain",
                    "optional": true
                  }
                },
                "description": "Assume role configurations, for more information, please refer to https://cloud.baidu.com/doc/IAM/s/Qjwvyc8ov",
                "description_kind": "plain"
              },
              "max_items": 1
            },
            "endpoints": {
              "nesting_mode": "set",
              "block": {
                "attributes": {
                  "appblb": {
                    "type": "string",
                    "description": "Use this to override the default endpoint URL constructed from the `region`. It's typically used to connect to custom BLB endpoints.",
                    "description_kind": "plain",
                    "optional": true
                  },
                  "bbc": {
                    "type": "string",
                    "description": "Use this to override the default endpoint URL constructed from the `region`. It's typically used to connect to custom BBC endpoints.",
                    "description_kind": "plain",
                    "optional": true
                  },
                  "bcc": {
                    "type": "string",
                    "description": "Use this to override the default endpoint URL constructed from the `region`. It's typically used to connect to custom BCC endpoints.",
                    "description_kind": "plain",
                    "optional": true
                  },
                  "blb": {
                    "type": "string",
                    "description": "Use this to override the default endpoint URL constructed from the `region`. It's typically used to connect to custom BLB endpoints.",
                    "description_kind": "plain",
                    "optional": true
                  },
                  "bos": {
                    "type": "string",
                    "description": "Use this to override the default endpoint URL constructed from the `region`. It's typically used to connect to custom BOS endpoints.",
                    "description_kind": "plain",
                    "optional": true
                  },
                  "cce": {
                    "type": "string",
                    "description": "Use this to override the default endpoint URL constructed from the `region`. It's typically used to connect to custom CCE endpoints.",
                    "description_kind": "plain",
                    "optional": true
                  },
                  "ccev2": {
                    "type": "string",
                    "description": "Use this to override the default endpoint URL constructed from the `region`. It's typically used to connect to custom CCEv2 endpoints.",
                    "description_kind": "plain",
                    "optional": true
                  },
                  "cdn": {
                    "type": "string",
                    "description": "Use this to override the default endpoint URL constructed from the `region`. It's typically used to connect to custom CDN endpoints.",
                    "description_kind": "plain",
                    "optional": true
                  },
                  "cfc": {
                    "type": "string",
                    "description": "Use this to override the default endpoint URL constructed from the `region`. It's typically used to connect to custom CFC endpoints.",
                    "description_kind": "plain",
                    "optional": true
                  },
                  "dts": {
                    "type": "string",
                    "description": "Use this to override the default endpoint URL constructed from the `region`. It's typically used to connect to custom DTS endpoints.",
                    "description_kind": "plain",
                    "optional": true
                  },
                  "eip": {
                    "type": "string",
                    "description": "Use this to override the default endpoint URL constructed from the `region`. It's typically used to connect to custom EIP endpoints.",
                    "description_kind": "plain",
                    "optional": true
                  },
                  "rds": {
                    "type": "string",
                    "description": "Use this to override the default endpoint URL constructed from the `region`. It's typically used to connect to custom RDS endpoints.",
                    "description_kind": "plain",
                    "optional": true
                  },
                  "scs": {
                    "type": "string",
                    "description": "Use this to override the default endpoint URL constructed from the `region`. It's typically used to connect to custom SCS endpoints.",
                    "description_kind": "plain",
                    "optional": true
                  },
                  "vpc": {
                    "type": "string",
                    "description": "Use this to override the default endpoint URL constructed from the `region`. It's typically used to connect to custom VPC endpoints.",
                    "description_kind": "plain",
                    "optional": true
                  },
                  "vpn": {
                    "type": "string",
                    "description_kind": "plain",
                    "optional": true
                  }
                },
                "description_kind": "plain"
              }
            }
          },
          "description_kind": "plain"
        }
      },
      "resource_schemas": {
        "baiducloud_acl": {
          "version": 0,
          "block": {
            "attributes": {
              "action": {
                "type": "string",
                "description": "Action of the acl. Valid values are allow and deny.",
                "description_kind": "plain",
                "required": true
              },
              "description": {
                "type": "string",
                "description": "Description of the acl.",
                "description_kind": "plain",
                "optional": true
              },
              "destination_ip_address": {
                "type": "string",
                "description": "Destination ip address of the acl.",
                "description_kind": "plain",
                "required": true
              },
              "destination_port": {
                "type": "string",
                "description": "Destination port of the acl.",
                "description_kind": "plain",
                "required": true
              },
              "direction": {
                "type": "string",
                "description": "Direction of the acl. Valid values are ingress and egress, respectively indicating the inbound of the rule and the outbound rule.",
                "description_kind": "plain",
                "required": true
              },
              "id": {
                "type": "string",
                "description_kind": "plain",
                "optional": true,
                "computed": true
              },
              "position": {
                "type": "number",
                "description": "Position of the acl, representing the priority of the acl rule. The value should be 1-5000 and cannot be duplicated with existing entries. The smaller the value, the higher the priority, and the rule matching order is to match the priority from high to low.",
                "description_kind": "plain",
                "required": true
              },
              "protocol": {
                "type": "string",
                "description": "Protocol of the acl, available values are all, tcp, udp and icmp.",
                "description_kind": "plain",
                "required": true
              },
              "source_ip_address": {
                "type": "string",
                "description": "Source ip address of the acl.",
                "description_kind": "plain",
                "required": true
              },
              "source_port": {
                "type": "string",
                "description": "Source port of the acl.",
                "description_kind": "plain",
                "required": true
              },
              "subnet_id": {
                "type": "string",
                "description": "Subnet ID of the acl.",
                "description_kind": "plain",
                "required": true
              }
            },
            "block_types": {
              "timeouts": {
                "nesting_mode": "single",
                "block": {
                  "attributes": {
                    "create": {
                      "type": "string",
                      "description_kind": "plain",
                      "optional": true
                    },
                    "delete": {
                      "type": "string",
                      "description_kind": "plain",
                      "optional": true
                    },
                    "update": {
                      "type": "string",
                      "description_kind": "plain",
                      "optional": true
                    }
                  },
                  "description_kind": "plain"
                }
              }
            },
            "description_kind": "plain"
          }
        },
        "baiducloud_appblb": {
          "version": 0,
          "block": {
            "attributes": {
              "address": {
                "type": "string",
                "description": "LoadBalance instance's service IP, instance can be accessed through this IP",
                "description_kind": "plain",
                "computed": true
              },
              "cidr": {
                "type": "string",
                "description": "Cidr of the network where the LoadBalance instance reside",
                "description_kind": "plain",
                "computed": true
              },
              "create_time": {
                "type": "string",
                "description": "LoadBalance instance's create time",
                "description_kind": "plain",
                "computed": true
              },
              "description": {
                "type": "string",
                "description": "LoadBalance's description, length must be between 0 and 450 bytes, and support Chinese",
                "description_kind": "plain",
                "optional": true
              },
              "id": {
                "type": "string",
                "description_kind": "plain",
                "optional": true,
                "computed": true
              },
              "listener": {
                "type": [
                  "set",
                  [
                    "object",
                    {
                      "port": "number",
                      "type": "string"
                    }
                  ]
                ],
                "description": "List of listeners mounted under the instance",
                "description_kind": "plain",
                "computed": true
              },
              "name": {
                "type": "string",
                "description": "LoadBalance instance's name, length must be between 1 and 65 bytes, and will be automatically generated if not set",
                "description_kind": "plain",
                "optional": true,
                "computed": true
              },
              "public_ip": {
                "type": "string",
                "description": "LoadBalance instance's public ip",
                "description_kind": "plain",
                "computed": true
              },
              "release_time": {
                "type": "string",
                "description": "LoadBalance instance's auto release time",
                "description_kind": "plain",
                "computed": true
              },
              "status": {
                "type": "string",
                "description": "LoadBalance instance's status, see https://cloud.baidu.com/doc/BLB/s/Pjwvxnxdm/#blbstatus for detail",
                "description_kind": "plain",
                "computed": true
              },
              "subnet_cidr": {
                "type": "string",
                "description": "Cidr of the subnet which the LoadBalance instance belongs",
                "description_kind": "plain",
                "computed": true
              },
              "subnet_id": {
                "type": "string",
                "description": "The subnet ID to which the LoadBalance instance belongs",
                "description_kind": "plain",
                "required": true
              },
              "subnet_name": {
                "type": "string",
                "description": "The subnet name to which the LoadBalance instance belongs",
                "description_kind": "plain",
                "computed": true
              },
              "tags": {
                "type": [
                  "map",
                  "string"
                ],
                "description": "Tags, do not support modify",
                "description_kind": "plain",
                "optional": true
              },
              "vpc_id": {
                "type": "string",
                "description": "The VPC short ID to which the LoadBalance instance belongs",
                "description_kind": "plain",
                "required": true
              },
              "vpc_name": {
                "type": "string",
                "description": "The VPC name to which the LoadBalance instance belongs",
                "description_kind": "plain",
                "computed": true
              }
            },
            "block_types": {
              "timeouts": {
                "nesting_mode": "single",
                "block": {
                  "attributes": {
                    "create": {
                      "type": "string",
                      "description_kind": "plain",
                      "optional": true
                    },
                    "delete": {
                      "type": "string",
                      "description_kind": "plain",
                      "optional": true
                    },
                    "update": {
                      "type": "string",
                      "description_kind": "plain",
                      "optional": true
                    }
                  },
                  "description_kind": "plain"
                }
              }
            },
            "description_kind": "plain"
          }
        },
        "baiducloud_appblb_listener": {
          "version": 0,
          "block": {
            "attributes": {
              "blb_id": {
                "type": "string",
                "description": "ID of the Application LoadBalance instance",
                "description_kind": "plain",
                "required": true
              },
              "cert_ids": {
                "type": [
                  "set",
                  "string"
                ],
                "description": "Listener bind certifications",
                "description_kind": "plain",
                "optional": true,
                "computed": true
              },
              "client_cert_ids": {
                "type": [
                  "set",
                  "string"
                ],
                "description": "Listener import cert list, only useful when dual_auth is true",
                "description_kind": "plain",
                "optional": true,
                "computed": true
              },
              "dual_auth": {
                "type": "bool",
                "description": "Listener open dual authorization or not, default false",
                "description_kind": "plain",
                "optional": true
              },
              "encryption_protocols": {
                "type": [
                  "set",
                  "string"
                ],
                "description": "Listener encryption protocol, only useful when encryption_type is userDefind, support [sslv3, tlsv10, tlsv11, tlsv12]",
                "description_kind": "plain",
                "optional": true,
                "computed": true
              },
              "encryption_type": {
                "type": "string",
                "description": "Listener encryption option, support [compatibleIE, incompatibleIE, userDefind]",
                "description_kind": "plain",
                "optional": true,
                "computed": true
              },
              "id": {
                "type": "string",
                "description_kind": "plain",
                "optional": true,
                "computed": true
              },
              "ie6_compatible": {
                "type": "bool",
                "description": "Listener support ie6 option, default true",
                "description_kind": "plain",
                "optional": true,
                "computed": true
              },
              "keep_session": {
                "type": "bool",
                "description": "KeepSession or not",
                "description_kind": "plain",
                "optional": true,
                "computed": true
              },
              "keep_session_cookie_name": {
                "type": "string",
                "description": "CookieName which need to covered, useful when keep_session_type is rewrite",
                "description_kind": "plain",
                "optional": true,
                "computed": true
              },
              "keep_session_timeout": {
                "type": "number",
                "description": "KeepSession Cookie timeout time(second), support in [1, 15552000], default 3600s",
                "description_kind": "plain",
                "optional": true,
                "computed": true
              },
              "keep_session_type": {
                "type": "string",
                "description": "KeepSessionType option, support insert/rewrite, default insert",
                "description_kind": "plain",
                "optional": true,
                "computed": true
              },
              "listener_port": {
                "type": "number",
                "description": "Listening port, range from 1-65535",
                "description_kind": "plain",
                "required": true
              },
              "protocol": {
                "type": "string",
                "description": "Listening protocol, support TCP/UDP/HTTP/HTTPS/SSL",
                "description_kind": "plain",
                "required": true
              },
              "redirect_port": {
                "type": "number",
                "description": "Redirect HTTP request to HTTPS Listener, HTTPS Listener port set by this parameter",
                "description_kind": "plain",
                "optional": true,
                "computed": true
              },
              "scheduler": {
                "type": "string",
                "description": "Load balancing algorithm, support RoundRobin/LeastConnection/Hash, if protocol is HTTP/HTTPS, only support RoundRobin/LeastConnection",
                "description_kind": "plain",
                "required": true
              },
              "server_timeout": {
                "type": "number",
                "description": "Backend server maximum timeout time, only support in [1, 3600] second, default 30s",
                "description_kind": "plain",
                "optional": true,
                "computed": true
              },
              "tcp_session_timeout": {
                "type": "number",
                "description": "TCP Listener connection session timeout time(second), default 900, support 10-4000",
                "description_kind": "plain",
                "optional": true,
                "computed": true
              },
              "x_forwarded_for": {
                "type": "bool",
                "description": "Listener xForwardedFor, determine get client real ip or not, default false",
                "description_kind": "plain",
                "optional": true,
                "computed": true
              }
            },
            "block_types": {
              "policies": {
                "nesting_mode": "set",
                "block": {
                  "attributes": {
                    "app_server_group_id": {
                      "type": "string",
                      "description": "Policy bind server group id",
                      "description_kind": "plain",
                      "required": true
                    },
                    "app_server_group_name": {
                      "type": "string",
                      "description": "Policy bind server group name",
                      "description_kind": "plain",
                      "computed": true
                    },
                    "backend_port": {
                      "type": "number",
                      "description": "Backend port",
                      "description_kind": "plain",
                      "required": true
                    },
                    "description": {
                      "type": "string",
                      "description": "Policy's description",
                      "description_kind": "plain",
                      "optional": true
                    },
                    "frontend_port": {
                      "type": "number",
                      "description": "Frontend port",
                      "description_kind": "plain",
                      "computed": true
                    },
                    "id": {
                      "type": "string",
                      "description": "Policy's id",
                      "description_kind": "plain",
                      "computed": true
                    },
                    "port_type": {
                      "type": "string",
                      "description": "Policy bind port protocol type",
                      "description_kind": "plain",
                      "computed": true
                    },
                    "priority": {
                      "type": "number",
                      "description": "Policy priority, support in [1, 32768]",
                      "description_kind": "plain",
                      "required": true
                    }
                  },
                  "block_types": {
                    "rule_list": {
                      "nesting_mode": "set",
                      "block": {
                        "attributes": {
                          "key": {
                            "type": "string",
                            "description": "Rule key",
                            "description_kind": "plain",
                            "required": true
                          },
                          "value": {
                            "type": "string",
                            "description": "Rule value",
                            "description_kind": "plain",
                            "required": true
                          }
                        },
                        "description": "Policy rule list",
                        "description_kind": "plain"
                      }
                    }
                  },
                  "description": "Listener's policy",
                  "description_kind": "plain"
                }
              },
              "timeouts": {
                "nesting_mode": "single",
                "block": {
                  "attributes": {
                    "create": {
                      "type": "string",
                      "description_kind": "plain",
                      "optional": true
                    },
                    "delete": {
                      "type": "string",
                      "description_kind": "plain",
                      "optional": true
                    },
                    "update": {
                      "type": "string",
                      "description_kind": "plain",
                      "optional": true
                    }
                  },
                  "description_kind": "plain"
                }
              }
            },
            "description_kind": "plain"
          }
        },
        "baiducloud_appblb_server_group": {
          "version": 0,
          "block": {
            "attributes": {
              "blb_id": {
                "type": "string",
                "description": "ID of the Application LoadBalance instance",
                "description_kind": "plain",
                "required": true
              },
              "description": {
                "type": "string",
                "description": "Server Group's description, length must be between 0 and 450 bytes, and support Chinese",
                "description_kind": "plain",
                "optional": true,
                "computed": true
              },
              "id": {
                "type": "string",
                "description_kind": "plain",
                "optional": true,
                "computed": true
              },
              "name": {
                "type": "string",
                "description": "Name of the Server Group, length must be between 1 and 65 bytes, and will be automatically generated if not set",
                "description_kind": "plain",
                "optional": true,
                "computed": true
              },
              "status": {
                "type": "string",
                "description": "Server Group's status, see https://cloud.baidu.com/doc/BLB/s/Pjwvxnxdm/#blbstatus for detail",
                "description_kind": "plain",
                "computed": true
              }
            },
            "block_types": {
              "backend_server_list": {
                "nesting_mode": "set",
                "block": {
                  "attributes": {
                    "instance_id": {
                      "type": "string",
                      "description": "Backend server instance ID",
                      "description_kind": "plain",
                      "required": true
                    },
                    "port_list": {
                      "type": [
                        "set",
                        [
                          "object",
                          {
                            "backend_port": "number",
                            "health_check_port_type": "string",
                            "listener_port": "number",
                            "policy_id": "string",
                            "port_id": "string",
                            "port_type": "string",
                            "status": "string"
                          }
                        ]
                      ],
                      "description": "Backend server open port list",
                      "description_kind": "plain",
                      "computed": true
                    },
                    "private_ip": {
                      "type": "string",
                      "description": "Backend server instance bind private ip",
                      "description_kind": "plain",
                      "computed": true
                    },
                    "weight": {
                      "type": "number",
                      "description": "Backend server instance weight in this group, range from 0-100",
                      "description_kind": "plain",
                      "required": true
                    }
                  },
                  "description": "Server group bound backend server list",
                  "description_kind": "plain"
                }
              },
              "port_list": {
                "nesting_mode": "list",
                "block": {
                  "attributes": {
                    "health_check": {
                      "type": "string",
                      "description": "Server Group port health check protocol, support TCP/UDP/HTTP, default same as port protocol type",
                      "description_kind": "plain",
                      "required": true
                    },
                    "health_check_down_retry": {
                      "type": "number",
                      "description": "Server Group health check down retry time, support in [2, 5], default 3",
                      "description_kind": "plain",
                      "optional": true,
                      "computed": true
                    },
                    "health_check_interval_in_second": {
                      "type": "number",
                      "description": "Server Group health check interval time(second), support in [1, 10], default 3",
                      "description_kind": "plain",
                      "optional": true,
                      "computed": true
                    },
                    "health_check_normal_status": {
                      "type": "string",
                      "description": "Server Group health check normal http status code, only useful when health_check is HTTP",
                      "description_kind": "plain",
                      "optional": true,
                      "computed": true
                    },
                    "health_check_port": {
                      "type": "number",
                      "description": "Server Group port health check port, default same as Server Group port",
                      "description_kind": "plain",
                      "optional": true,
                      "computed": true
                    },
                    "health_check_timeout_in_second": {
                      "type": "number",
                      "description": "Server Group health check timeout(second), support in [1, 60], default 3",
                      "description_kind": "plain",
                      "optional": true,
                      "computed": true
                    },
                    "health_check_up_retry": {
                      "type": "number",
                      "description": "Server Group health check up retry time, support in [2, 5], default 3",
                      "description_kind": "plain",
                      "optional": true,
                      "computed": true
                    },
                    "health_check_url_path": {
                      "type": "string",
                      "description": "Server Group health check url path, only useful when health_check is HTTP",
                      "description_kind": "plain",
                      "optional": true,
                      "computed": true
                    },
                    "id": {
                      "type": "string",
                      "description": "Server Group port id",
                      "description_kind": "plain",
                      "computed": true
                    },
                    "port": {
                      "type": "number",
                      "description": "App Server Group port, range from 1-65535",
                      "description_kind": "plain",
                      "required": true
                    },
                    "status": {
                      "type": "string",
                      "description": "Server Group port status",
                      "description_kind": "plain",
                      "computed": true
                    },
                    "type": {
                      "type": "string",
                      "description": "Server Group port protocol type, support TCP/UDP/HTTP",
                      "description_kind": "plain",
                      "required": true
                    },
                    "udp_health_check_string": {
                      "type": "string",
                      "description": "Server Group udp health check string, if type is UDP, this parameter is required",
                      "description_kind": "plain",
                      "optional": true,
                      "computed": true
                    }
                  },
                  "description": "Server Group backend port list",
                  "description_kind": "plain"
                }
              },
              "timeouts": {
                "nesting_mode": "single",
                "block": {
                  "attributes": {
                    "create": {
                      "type": "string",
                      "description_kind": "plain",
                      "optional": true
                    },
                    "delete": {
                      "type": "string",
                      "description_kind": "plain",
                      "optional": true
                    },
                    "update": {
                      "type": "string",
                      "description_kind": "plain",
                      "optional": true
                    }
                  },
                  "description_kind": "plain"
                }
              }
            },
            "description_kind": "plain"
          }
        },
        "baiducloud_auto_snapshot_policy": {
          "version": 0,
          "block": {
            "attributes": {
              "created_time": {
                "type": "string",
                "description": "Creation time of the automatic snapshot policy.",
                "description_kind": "plain",
                "computed": true
              },
              "deleted_time": {
                "type": "string",
                "description": "Deletion time of the automatic snapshot policy.",
                "description_kind": "plain",
                "computed": true
              },
              "id": {
                "type": "string",
                "description_kind": "plain",
                "optional": true,
                "computed": true
              },
              "last_execute_time": {
                "type": "string",
                "description": "Last execution time of the automatic snapshot policy.",
                "description_kind": "plain",
                "computed": true
              },
              "name": {
                "type": "string",
                "description": "Name of the automatic snapshot policy, which supports uppercase and lowercase letters, numbers, Chinese and special characters, such as \"-\",\"_\",\"/\",\",\".\", and the value must start with a letter, length 1-65.",
                "description_kind": "plain",
                "required": true
              },
              "repeat_weekdays": {
                "type": [
                  "set",
                  "number"
                ],
                "description": "Repeat time of the automatic snapshot policy, supporting in range of [0, 6]",
                "description_kind": "plain",
                "required": true
              },
              "retention_days": {
                "type": "number",
                "description": "Number of days to retain the automatic snapshot, and -1 means permanently retained.",
                "description_kind": "plain",
                "required": true
              },
              "status": {
                "type": "string",
                "description": "Status of the automatic snapshot policy.",
                "description_kind": "plain",
                "computed": true
              },
              "time_points": {
                "type": [
                  "set",
                  "number"
                ],
                "description": "Time point of generate snapshot in a day, the minimum unit is hour, supporting in range of [0, 23]",
                "description_kind": "plain",
                "required": true
              },
              "updated_time": {
                "type": "string",
                "description": "Update time of the automatic snapshot policy.",
                "description_kind": "plain",
                "computed": true
              },
              "volume_count": {
                "type": "number",
                "description": "The count of volumes associated with the snapshot.",
                "description_kind": "plain",
                "computed": true
              },
              "volume_ids": {
                "type": [
                  "set",
                  "string"
                ],
                "description": "Volume id list to be attached of the automatic snapshot policy, these CDS volumes must be in-used.",
                "description_kind": "plain",
                "optional": true
              }
            },
            "block_types": {
              "timeouts": {
                "nesting_mode": "single",
                "block": {
                  "attributes": {
                    "create": {
                      "type": "string",
                      "description_kind": "plain",
                      "optional": true
                    },
                    "delete": {
                      "type": "string",
                      "description_kind": "plain",
                      "optional": true
                    }
                  },
                  "description_kind": "plain"
                }
              }
            },
            "description_kind": "plain"
          }
        },
        "baiducloud_bbc_image": {
          "version": 0,
          "block": {
            "attributes": {
              "create_time": {
                "type": "string",
                "description": "The creation time of the image, in a date format that conforms to the BCE specification",
                "description_kind": "plain",
                "computed": true
              },
              "desc": {
                "type": "string",
                "description": "Image description",
                "description_kind": "plain",
                "computed": true
              },
              "id": {
                "type": "string",
                "description_kind": "plain",
                "optional": true,
                "computed": true
              },
              "image_id": {
                "type": "string",
                "description": "Image id.Computed after apply",
                "description_kind": "plain",
                "computed": true
              },
              "image_name": {
                "type": "string",
                "description": "Image name.",
                "description_kind": "plain",
                "required": true
              },
              "instance_id": {
                "type": "string",
                "description": "The id of the image source instance.",
                "description_kind": "plain",
                "required": true
              },
              "os_arch": {
                "type": "string",
                "description": "Image os arch.",
                "description_kind": "plain",
                "computed": true
              },
              "os_build": {
                "type": "string",
                "description": "Image os build.",
                "description_kind": "plain",
                "computed": true
              },
              "os_name": {
                "type": "string",
                "description": "Image os name.",
                "description_kind": "plain",
                "computed": true
              },
              "os_type": {
                "type": "string",
                "description": "Image os type.CentOS, Windows, etc.",
                "description_kind": "plain",
                "computed": true
              },
              "os_version": {
                "type": "string",
                "description": "Image os version.",
                "description_kind": "plain",
                "computed": true
              },
              "status": {
                "type": "string",
                "description": "Image status.Creating, CreatedFailed, Available, NotAvailable, Error",
                "description_kind": "plain",
                "computed": true
              },
              "type": {
                "type": "string",
                "description": "Image type.System, Custom, Integration",
                "description_kind": "plain",
                "computed": true
              }
            },
            "block_types": {
              "timeouts": {
                "nesting_mode": "single",
                "block": {
                  "attributes": {
                    "create": {
                      "type": "string",
                      "description_kind": "plain",
                      "optional": true
                    },
                    "delete": {
                      "type": "string",
                      "description_kind": "plain",
                      "optional": true
                    }
                  },
                  "description_kind": "plain"
                }
              }
            },
            "description_kind": "plain"
          }
        },
        "baiducloud_bbc_instance": {
          "version": 0,
          "block": {
            "attributes": {
              "action": {
                "type": "string",
                "description": "action.",
                "description_kind": "plain",
                "optional": true
              },
              "admin_pass": {
                "type": "string",
                "description": "admin password.",
                "description_kind": "plain",
                "optional": true
              },
              "auto_renew_time": {
                "type": "number",
                "description": "The automatic renewal time is 1-9 per month and 1-3 per year.",
                "description_kind": "plain",
                "optional": true
              },
              "auto_renew_time_unit": {
                "type": "string",
                "description": "Monthly payment or annual payment, month is \"month\" and year is \"year\".",
                "description_kind": "plain",
                "optional": true
              },
              "create_time": {
                "type": "string",
                "description": "BBC create time.",
                "description_kind": "plain",
                "computed": true
              },
              "data_partition_type": {
                "type": "string",
                "description": "data_partition_type.",
                "description_kind": "plain",
                "optional": true
              },
              "deploy_set_id": {
                "type": "string",
                "description": "deploy set of bbc.",
                "description_kind": "plain",
                "optional": true
              },
              "description": {
                "type": "string",
                "description": "description.",
                "description_kind": "plain",
                "optional": true
              },
              "enable_numa": {
                "type": "bool",
                "description": "enableNuma.",
                "description_kind": "plain",
                "optional": true
              },
              "expire_time": {
                "type": "string",
                "description": "expire time.",
                "description_kind": "plain",
                "computed": true
              },
              "flavor_id": {
                "type": "string",
                "description": "Id of the BBC Flavor.",
                "description_kind": "plain",
                "required": true
              },
              "has_alive": {
                "type": "number",
                "description": "hasAlive.",
                "description_kind": "plain",
                "computed": true
              },
              "host_id": {
                "type": "string",
                "description": "switch id.",
                "description_kind": "plain",
                "computed": true
              },
              "host_name": {
                "type": "string",
                "description": "host_name.",
                "description_kind": "plain",
                "computed": true
              },
              "hostname": {
                "type": "string",
                "description": "Hostname is not specified by default. Hostname only supports lowercase letters, numbers and -. Special characters. It must start with a letter. Special symbols cannot be used consecutively. It does not support starting or ending with special symbols. The length is 2-64.",
                "description_kind": "plain",
                "optional": true
              },
              "id": {
                "type": "string",
                "description_kind": "plain",
                "optional": true,
                "computed": true
              },
              "image_id": {
                "type": "string",
                "description": "Id of the BBC Image.",
                "description_kind": "plain",
                "required": true
              },
              "internal_ip": {
                "type": "string",
                "description": "internal ip.",
                "description_kind": "plain",
                "computed": true
              },
              "name": {
                "type": "string",
                "description": "BBC name.Support for uppercase and lowercase letters, numbers, Chinese and special characters, such as \"-\",\"_\",\"/\",\".\", the value must start with a letter, length 1-65.",
                "description_kind": "plain",
                "required": true
              },
              "network_capacity_in_mbps": {
                "type": "string",
                "description": "network capacity in mbps.",
                "description_kind": "plain",
                "computed": true
              },
              "payment_timing": {
                "type": "string",
                "description": "Payment timing of billing, which can be Prepaid or Postpaid. The default is Postpaid.",
                "description_kind": "plain",
                "optional": true
              },
              "public_ip": {
                "type": "string",
                "description": "public ip.",
                "description_kind": "plain",
                "computed": true
              },
              "purchase_count": {
                "type": "number",
                "description": "The number of BBC instances created (purchased) in batch. It must be an integer greater than 0. It is an optional parameter. The default value is 1.",
                "description_kind": "plain",
                "optional": true
              },
              "rack_id": {
                "type": "string",
                "description": "rack id.",
                "description_kind": "plain",
                "computed": true
              },
              "raid": {
                "type": "string",
                "description": "Type of the raid to start. Available values are Raid5, NoRaid.",
                "description_kind": "plain",
                "required": true
              },
              "raid_id": {
                "type": "string",
                "description": "Id of the raid.",
                "description_kind": "plain",
                "computed": true
              },
              "rdma_ip": {
                "type": "string",
                "description": "rdma ip.",
                "description_kind": "plain",
                "computed": true
              },
              "region": {
                "type": "string",
                "description": "region.",
                "description_kind": "plain",
                "computed": true
              },
              "request_token": {
                "type": "string",
                "description": "request_token.",
                "description_kind": "plain",
                "optional": true
              },
              "reservation": {
                "type": [
                  "map",
                  "string"
                ],
                "description": "Reservation of the instance.",
                "description_kind": "plain",
                "optional": true
              },
              "root_disk_size_in_gb": {
                "type": "number",
                "description": "The system disk size of the BBC instance to be created.",
                "description_kind": "plain",
                "required": true
              },
              "root_partition_type": {
                "type": "string",
                "description": "namroot_partition_type.",
                "description_kind": "plain",
                "optional": true
              },
              "security_groups": {
                "type": [
                  "set",
                  "string"
                ],
                "description": "Security groups of the bbc instance.It can use",
                "description_kind": "plain",
                "required": true
              },
              "status": {
                "type": "string",
                "description": "Status of the bbc instance.",
                "description_kind": "plain",
                "computed": true
              },
              "subnet_id": {
                "type": "string",
                "description": "Id of bbc subnet.",
                "description_kind": "plain",
                "optional": true
              },
              "switch_id": {
                "type": "string",
                "description": "switch id.",
                "description_kind": "plain",
                "computed": true
              },
              "tags": {
                "type": [
                  "map",
                  "string"
                ],
                "description": "Tags, do not support modify",
                "description_kind": "plain",
                "optional": true
              },
              "uuid": {
                "type": "string",
                "description": "uuid.",
                "description_kind": "plain",
                "computed": true
              },
              "zone_name": {
                "type": "string",
                "description": "The naming convention of zonename is \"country-region-availability area\", in lowercase, for example, Beijing availability area A is \"cn-bj-a\"“",
                "description_kind": "plain",
                "required": true
              }
            },
            "block_types": {
              "timeouts": {
                "nesting_mode": "single",
                "block": {
                  "attributes": {
                    "create": {
                      "type": "string",
                      "description_kind": "plain",
                      "optional": true
                    },
                    "delete": {
                      "type": "string",
                      "description_kind": "plain",
                      "optional": true
                    },
                    "update": {
                      "type": "string",
                      "description_kind": "plain",
                      "optional": true
                    }
                  },
                  "description_kind": "plain"
                }
              }
            },
            "description_kind": "plain"
          }
        },
        "baiducloud_bec_vm_instance": {
          "version": 0,
          "block": {
            "attributes": {
              "bandwidth": {
                "type": "number",
                "description": "Public network bandwidth size (Mbps).",
                "description_kind": "plain",
                "optional": true
              },
              "cpu": {
                "type": "number",
                "description": "CPU core count of the vm instance. At least 1 core.",
                "description_kind": "plain",
                "required": true
              },
              "create_time": {
                "type": "string",
                "description": "Creation time of the vm instance.",
                "description_kind": "plain",
                "computed": true
              },
              "host_name": {
                "type": "string",
                "description": "Host name of the vm instance. If empty, system will assign one.",
                "description_kind": "plain",
                "optional": true,
                "computed": true
              },
              "id": {
                "type": "string",
                "description_kind": "plain",
                "optional": true,
                "computed": true
              },
              "image_id": {
                "type": "string",
                "description": "ID of the image.",
                "description_kind": "plain",
                "required": true
              },
              "image_type": {
                "type": "string",
                "description": "Valid values: `bec`(public image or bec custom image), `bcc`(bcc custom image)",
                "description_kind": "plain",
                "optional": true
              },
              "internal_ip": {
                "type": "string",
                "description": "Local network IPv4 address of the vm instance.",
                "description_kind": "plain",
                "computed": true
              },
              "ipv6_public_ip": {
                "type": "string",
                "description": "Public network IPv6 address of the vm instance.",
                "description_kind": "plain",
                "computed": true
              },
              "memory": {
                "type": "number",
                "description": "Memory size (GB) of the vm instance. At least 1 GB.",
                "description_kind": "plain",
                "required": true
              },
              "need_ipv6_public_ip": {
                "type": "bool",
                "description": "Whether to open IPv6 public network. Defaults to `false`.",
                "description_kind": "plain",
                "optional": true
              },
              "need_public_ip": {
                "type": "bool",
                "description": "Whether to open public network. Defaults to `false`.",
                "description_kind": "plain",
                "optional": true
              },
              "public_ip": {
                "type": "string",
                "description": "Public network IPv4 address of the vm instance.",
                "description_kind": "plain",
                "computed": true
              },
              "region_id": {
                "type": "string",
                "description": "Node ID, composed of lowercase letters of [`country`-`city`-`isp`]. Can be obtained through data source `baiducloud_bec_nodes`.",
                "description_kind": "plain",
                "required": true
              },
              "service_id": {
                "type": "string",
                "description": "ID of the vm instance group.",
                "description_kind": "plain",
                "required": true
              },
              "spec": {
                "type": "string",
                "description": "Specification family.",
                "description_kind": "plain",
                "optional": true
              },
              "status": {
                "type": "string",
                "description": "Status of the vm instance. Possible values: `CREATING`, `RUNNING`, `STOPPING`, `STOPPED`, `RESTARTING`, `REINSTALLING`, `STARTING`, `IMAGING`, `FAILED`, `UNKNOWN`",
                "description_kind": "plain",
                "computed": true
              },
              "vm_name": {
                "type": "string",
                "description": "Name of the vm instance. If empty, system will assign one.",
                "description_kind": "plain",
                "optional": true,
                "computed": true
              }
            },
            "block_types": {
              "data_volume": {
                "nesting_mode": "list",
                "block": {
                  "attributes": {
                    "name": {
                      "type": "string",
                      "description": "Name of the disk.",
                      "description_kind": "plain",
                      "required": true
                    },
                    "pvc_name": {
                      "type": "string",
                      "description": "PVC name of the disk.",
                      "description_kind": "plain",
                      "computed": true
                    },
                    "size_in_gb": {
                      "type": "number",
                      "description": "Size (GB) of the disk.",
                      "description_kind": "plain",
                      "required": true
                    },
                    "volume_type": {
                      "type": "string",
                      "description": "Type of the disk. Valid values: `NVME`(SSD), `SATA`(HDD).",
                      "description_kind": "plain",
                      "required": true
                    }
                  },
                  "description": "Data volume config of the vm instance.",
                  "description_kind": "plain"
                }
              },
              "dns_config": {
                "nesting_mode": "list",
                "block": {
                  "attributes": {
                    "dns_address": {
                      "type": [
                        "list",
                        "string"
                      ],
                      "description": "Custom DNS address.",
                      "description_kind": "plain",
                      "optional": true
                    },
                    "dns_type": {
                      "type": "string",
                      "description": "DNS type. Valid values: `NONE`(no DNS config), `DEFAULT`(114.114.114.114 for domestic nodes, 8.8.8.8 for overseas nodes), `LOCAL`(local dns of node), `CUSTOMIZE`",
                      "description_kind": "plain",
                      "required": true
                    }
                  },
                  "description": "DNS config of the vm instance.",
                  "description_kind": "plain"
                },
                "min_items": 1,
                "max_items": 1
              },
              "key_config": {
                "nesting_mode": "list",
                "block": {
                  "attributes": {
                    "admin_pass": {
                      "type": "string",
                      "description": "Length of the password is limited to 8 to 32 characters. Letters, numbers and symbols must exist at the same time, and the symbols are limited to `!@#$%^+*()`",
                      "description_kind": "plain",
                      "optional": true,
                      "sensitive": true
                    },
                    "bcc_key_pair_id_list": {
                      "type": [
                        "list",
                        "string"
                      ],
                      "description": "Key pair ID list.",
                      "description_kind": "plain",
                      "optional": true
                    },
                    "type": {
                      "type": "string",
                      "description": "Valid values: `bccKeyPair`, `password`",
                      "description_kind": "plain",
                      "required": true
                    }
                  },
                  "description": "Password or keypair config of the vm instance.",
                  "description_kind": "plain"
                },
                "min_items": 1,
                "max_items": 1
              },
              "system_volume": {
                "nesting_mode": "list",
                "block": {
                  "attributes": {
                    "name": {
                      "type": "string",
                      "description": "Name of the disk.",
                      "description_kind": "plain",
                      "required": true
                    },
                    "pvc_name": {
                      "type": "string",
                      "description": "PVC name of the disk.",
                      "description_kind": "plain",
                      "computed": true
                    },
                    "size_in_gb": {
                      "type": "number",
                      "description": "Size (GB) of the disk.",
                      "description_kind": "plain",
                      "required": true
                    },
                    "volume_type": {
                      "type": "string",
                      "description": "Type of the disk. Valid values: `NVME`(SSD), `SATA`(HDD).",
                      "description_kind": "plain",
                      "required": true
                    }
                  },
                  "description": "System volume config of the vm instance.",
                  "description_kind": "plain"
                },
                "min_items": 1,
                "max_items": 1
              }
            },
            "description": "Use this resource to manage BEC VM Instance. \n\nMore information can be found in the [Developer Guide](https://cloud.baidu.com/doc/BEC/s/jknpo0evo). \n\n",
            "description_kind": "plain"
          }
        },
        "baiducloud_blb": {
          "version": 0,
          "block": {
            "attributes": {
              "address": {
                "type": "string",
                "description": "LoadBalance instance's service IP, instance can be accessed through this IP",
                "description_kind": "plain",
                "computed": true
              },
              "cidr": {
                "type": "string",
                "description": "Cidr of the network where the LoadBalance instance reside",
                "description_kind": "plain",
                "computed": true
              },
              "create_time": {
                "type": "string",
                "description": "LoadBalance instance's create time",
                "description_kind": "plain",
                "computed": true
              },
              "description": {
                "type": "string",
                "description": "LoadBalance's description, length must be between 0 and 450 bytes, and support Chinese",
                "description_kind": "plain",
                "optional": true
              },
              "id": {
                "type": "string",
                "description_kind": "plain",
                "optional": true,
                "computed": true
              },
              "listener": {
                "type": [
                  "set",
                  [
                    "object",
                    {
                      "port": "number",
                      "type": "string"
                    }
                  ]
                ],
                "description": "List of listeners mounted under the instance",
                "description_kind": "plain",
                "computed": true
              },
              "name": {
                "type": "string",
                "description": "LoadBalance instance's name, length must be between 1 and 65 bytes, and will be automatically generated if not set",
                "description_kind": "plain",
                "optional": true,
                "computed": true
              },
              "public_ip": {
                "type": "string",
                "description": "LoadBalance instance's public ip",
                "description_kind": "plain",
                "computed": true
              },
              "status": {
                "type": "string",
                "description": "LoadBalance instance's status, see https://cloud.baidu.com/doc/BLB/s/Pjwvxnxdm/#blbstatus for detail",
                "description_kind": "plain",
                "computed": true
              },
              "subnet_id": {
                "type": "string",
                "description": "The subnet ID to which the LoadBalance instance belongs",
                "description_kind": "plain",
                "required": true
              },
              "tags": {
                "type": [
                  "map",
                  "string"
                ],
                "description": "Tags, do not support modify",
                "description_kind": "plain",
                "optional": true
              },
              "vpc_id": {
                "type": "string",
                "description": "The VPC short ID to which the LoadBalance instance belongs",
                "description_kind": "plain",
                "required": true
              },
              "vpc_name": {
                "type": "string",
                "description": "The VPC name to which the LoadBalance instance belongs",
                "description_kind": "plain",
                "computed": true
              }
            },
            "block_types": {
              "timeouts": {
                "nesting_mode": "single",
                "block": {
                  "attributes": {
                    "create": {
                      "type": "string",
                      "description_kind": "plain",
                      "optional": true
                    },
                    "delete": {
                      "type": "string",
                      "description_kind": "plain",
                      "optional": true
                    },
                    "update": {
                      "type": "string",
                      "description_kind": "plain",
                      "optional": true
                    }
                  },
                  "description_kind": "plain"
                }
              }
            },
            "description_kind": "plain"
          }
        },
        "baiducloud_blb_backend_server": {
          "version": 0,
          "block": {
            "attributes": {
              "blb_id": {
                "type": "string",
                "description": "ID of the lication LoadBalance instance",
                "description_kind": "plain",
                "required": true
              },
              "id": {
                "type": "string",
                "description_kind": "plain",
                "optional": true,
                "computed": true
              }
            },
            "block_types": {
              "backend_server_list": {
                "nesting_mode": "list",
                "block": {
                  "attributes": {
                    "instance_id": {
                      "type": "string",
                      "description": "Backend server instance ID",
                      "description_kind": "plain",
                      "required": true
                    },
                    "private_ip": {
                      "type": "string",
                      "description": "Backend server instance bind private ip",
                      "description_kind": "plain",
                      "computed": true
                    },
                    "weight": {
                      "type": "number",
                      "description": "Backend server instance weight in this group, range from 0-100",
                      "description_kind": "plain",
                      "required": true
                    }
                  },
                  "description": "Server group bound backend server list",
                  "description_kind": "plain"
                },
                "min_items": 1
              },
              "timeouts": {
                "nesting_mode": "single",
                "block": {
                  "attributes": {
                    "create": {
                      "type": "string",
                      "description_kind": "plain",
                      "optional": true
                    },
                    "delete": {
                      "type": "string",
                      "description_kind": "plain",
                      "optional": true
                    },
                    "update": {
                      "type": "string",
                      "description_kind": "plain",
                      "optional": true
                    }
                  },
                  "description_kind": "plain"
                }
              }
            },
            "description_kind": "plain"
          }
        },
        "baiducloud_blb_listener": {
          "version": 0,
          "block": {
            "attributes": {
              "applied_ciphers": {
                "type": "string",
                "description": "applied ciphers",
                "description_kind": "plain",
                "optional": true,
                "computed": true
              },
              "backend_port": {
                "type": "number",
                "description": "backend port, range from 1-65535",
                "description_kind": "plain",
                "required": true
              },
              "blb_id": {
                "type": "string",
                "description": "ID of the Application LoadBalance instance",
                "description_kind": "plain",
                "required": true
              },
              "cert_ids": {
                "type": [
                  "set",
                  "string"
                ],
                "description": "Listener bind certifications",
                "description_kind": "plain",
                "optional": true,
                "computed": true
              },
              "client_cert_ids": {
                "type": [
                  "set",
                  "string"
                ],
                "description": "Listener import cert list, only useful when dual_auth is true",
                "description_kind": "plain",
                "optional": true,
                "computed": true
              },
              "dual_auth": {
                "type": "bool",
                "description": "Listener open dual authorization or not, default false",
                "description_kind": "plain",
                "optional": true
              },
              "encryption_protocols": {
                "type": [
                  "set",
                  "string"
                ],
                "description": "Listener encryption protocol, only useful when encryption_type is userDefind, support [sslv3, tlsv10, tlsv11, tlsv12]",
                "description_kind": "plain",
                "optional": true,
                "computed": true
              },
              "encryption_type": {
                "type": "string",
                "description": "Listener encryption option, support [compatibleIE, incompatibleIE, userDefind]",
                "description_kind": "plain",
                "optional": true,
                "computed": true
              },
              "get_blb_ip": {
                "type": "bool",
                "description": "get blb ip or not",
                "description_kind": "plain",
                "optional": true,
                "computed": true
              },
              "health_check_interval": {
                "type": "number",
                "description": "health check interval",
                "description_kind": "plain",
                "optional": true,
                "computed": true
              },
              "health_check_normal_status": {
                "type": "string",
                "description": "health check normal status",
                "description_kind": "plain",
                "optional": true,
                "computed": true
              },
              "health_check_port": {
                "type": "number",
                "description": "health check port",
                "description_kind": "plain",
                "optional": true,
                "computed": true
              },
              "health_check_string": {
                "type": "string",
                "description": "health check string, This parameter is mandatory when the listening protocol is UDP",
                "description_kind": "plain",
                "optional": true,
                "computed": true
              },
              "health_check_timeout_in_second": {
                "type": "number",
                "description": "health check timeout in second",
                "description_kind": "plain",
                "optional": true,
                "computed": true
              },
              "health_check_type": {
                "type": "string",
                "description": "health check type",
                "description_kind": "plain",
                "optional": true,
                "computed": true
              },
              "health_check_uri": {
                "type": "string",
                "description": "health check uri",
                "description_kind": "plain",
                "optional": true,
                "computed": true
              },
              "healthy_threshold": {
                "type": "number",
                "description": "healthy threshold",
                "description_kind": "plain",
                "optional": true,
                "computed": true
              },
              "id": {
                "type": "string",
                "description_kind": "plain",
                "optional": true,
                "computed": true
              },
              "ie6_compatible": {
                "type": "bool",
                "description": "Listener support ie6 option, default true",
                "description_kind": "plain",
                "optional": true,
                "computed": true
              },
              "keep_session": {
                "type": "bool",
                "description": "KeepSession or not",
                "description_kind": "plain",
                "optional": true,
                "computed": true
              },
              "keep_session_cookie_name": {
                "type": "string",
                "description": "CookieName which need to covered, useful when keep_session_type is rewrite",
                "description_kind": "plain",
                "optional": true,
                "computed": true
              },
              "keep_session_duration": {
                "type": "number",
                "description": "keep session duration",
                "description_kind": "plain",
                "optional": true,
                "computed": true
              },
              "keep_session_type": {
                "type": "string",
                "description": "KeepSessionType option, support insert/rewrite, default insert",
                "description_kind": "plain",
                "optional": true,
                "computed": true
              },
              "listener_port": {
                "type": "number",
                "description": "Listening port, range from 1-65535",
                "description_kind": "plain",
                "required": true
              },
              "protocol": {
                "type": "string",
                "description": "Listening protocol, support TCP/UDP/HTTP/HTTPS/SSL",
                "description_kind": "plain",
                "required": true
              },
              "redirect_port": {
                "type": "number",
                "description": "Redirect HTTP request to HTTPS Listener, HTTPS Listener port set by this parameter",
                "description_kind": "plain",
                "optional": true,
                "computed": true
              },
              "scheduler": {
                "type": "string",
                "description": "Load balancing algorithm, support RoundRobin/LeastConnection/Hash, if protocol is HTTP/HTTPS, only support RoundRobin/LeastConnection",
                "description_kind": "plain",
                "required": true
              },
              "server_timeout": {
                "type": "number",
                "description": "Backend server maximum timeout time, only support in [1, 3600] second, default 30s",
                "description_kind": "plain",
                "optional": true,
                "computed": true
              },
              "tcp_session_timeout": {
                "type": "number",
                "description": "TCP Listener connection session timeout time(second), default 900, support 10-4000",
                "description_kind": "plain",
                "optional": true,
                "computed": true
              },
              "udp_session_timeout": {
                "type": "number",
                "description": "UDP Listener connection session timeout time(second), default 900, support 10-4000",
                "description_kind": "plain",
                "optional": true,
                "computed": true
              },
              "unhealthy_threshold": {
                "type": "number",
                "description": "unhealthy threshold",
                "description_kind": "plain",
                "optional": true,
                "computed": true
              },
              "x_forwarded_for": {
                "type": "bool",
                "description": "Listener xForwardedFor, determine get client real ip or not, default false",
                "description_kind": "plain",
                "optional": true,
                "computed": true
              }
            },
            "block_types": {
              "timeouts": {
                "nesting_mode": "single",
                "block": {
                  "attributes": {
                    "create": {
                      "type": "string",
                      "description_kind": "plain",
                      "optional": true
                    },
                    "delete": {
                      "type": "string",
                      "description_kind": "plain",
                      "optional": true
                    },
                    "update": {
                      "type": "string",
                      "description_kind": "plain",
                      "optional": true
                    }
                  },
                  "description_kind": "plain"
                }
              }
            },
            "description_kind": "plain"
          }
        },
        "baiducloud_blb_securitygroup": {
          "version": 0,
          "block": {
            "attributes": {
              "bind_security_groups": {
                "type": [
                  "list",
                  [
                    "object",
                    {
                      "security_group_desc": "string",
                      "security_group_id": "string",
                      "security_group_name": "string",
                      "security_group_rules": [
                        "list",
                        [
                          "object",
                          {
                            "dest_group_id": "string",
                            "dest_ip": "string",
                            "direction": "string",
                            "ethertype": "string",
                            "port_range": "string",
                            "protocol": "string",
                            "security_group_rule_id": "string"
                          }
                        ]
                      ],
                      "vpc_name": "string"
                    }
                  ]
                ],
                "description": "blb bind security_groups",
                "description_kind": "plain",
                "computed": true
              },
              "blb_id": {
                "type": "string",
                "description": "id of the blb",
                "description_kind": "plain",
                "required": true
              },
              "id": {
                "type": "string",
                "description_kind": "plain",
                "optional": true,
                "computed": true
              },
              "security_group_ids": {
                "type": [
                  "set",
                  "string"
                ],
                "description": "ids of the security.",
                "description_kind": "plain",
                "required": true
              }
            },
            "block_types": {
              "timeouts": {
                "nesting_mode": "single",
                "block": {
                  "attributes": {
                    "create": {
                      "type": "string",
                      "description_kind": "plain",
                      "optional": true
                    },
                    "delete": {
                      "type": "string",
                      "description_kind": "plain",
                      "optional": true
                    },
                    "update": {
                      "type": "string",
                      "description_kind": "plain",
                      "optional": true
                    }
                  },
                  "description_kind": "plain"
                }
              }
            },
            "description_kind": "plain"
          }
        },
        "baiducloud_bls_log_store": {
          "version": 0,
          "block": {
            "attributes": {
              "creation_date_time": {
                "type": "string",
                "description": "log store create date time",
                "description_kind": "plain",
                "computed": true
              },
              "id": {
                "type": "string",
                "description_kind": "plain",
                "optional": true,
                "computed": true
              },
              "last_modified_time": {
                "type": "string",
                "description_kind": "plain",
                "computed": true
              },
              "log_store_name": {
                "type": "string",
                "description": "name of log store",
                "description_kind": "plain",
                "required": true
              },
              "retention": {
                "type": "number",
                "description": "retention days of log store",
                "description_kind": "plain",
                "required": true
              }
            },
            "block_types": {
              "timeouts": {
                "nesting_mode": "single",
                "block": {
                  "attributes": {
                    "create": {
                      "type": "string",
                      "description_kind": "plain",
                      "optional": true
                    },
                    "delete": {
                      "type": "string",
                      "description_kind": "plain",
                      "optional": true
                    },
                    "update": {
                      "type": "string",
                      "description_kind": "plain",
                      "optional": true
                    }
                  },
                  "description_kind": "plain"
                }
              }
            },
            "description_kind": "plain"
          }
        },
        "baiducloud_bos_bucket": {
          "version": 0,
          "block": {
            "attributes": {
              "acl": {
                "type": "string",
                "description": "Canned ACL to apply, available values are private, public-read and public-read-write. Default to private.",
                "description_kind": "plain",
                "optional": true
              },
              "bucket": {
                "type": "string",
                "description": "Name of the bucket.",
                "description_kind": "plain",
                "required": true
              },
              "creation_date": {
                "type": "string",
                "description": "Creation date of the BOS bucket.",
                "description_kind": "plain",
                "computed": true
              },
              "force_destroy": {
                "type": "bool",
                "description": "Whether to force delete the bucket and related objects when the bucket is not empty. Default to false.",
                "description_kind": "plain",
                "optional": true
              },
              "id": {
                "type": "string",
                "description_kind": "plain",
                "optional": true,
                "computed": true
              },
              "location": {
                "type": "string",
                "description": "Location of the BOS bucket.",
                "description_kind": "plain",
                "computed": true
              },
              "owner_id": {
                "type": "string",
                "description": "Owner ID of the BOS bucket.",
                "description_kind": "plain",
                "computed": true
              },
              "owner_name": {
                "type": "string",
                "description": "Owner name of the BOS bucket.",
                "description_kind": "plain",
                "computed": true
              },
              "server_side_encryption_rule": {
                "type": "string",
                "description": "Encryption rule for the server side, which can only be AES256 currently.",
                "description_kind": "plain",
                "optional": true,
                "computed": true
              },
              "storage_class": {
                "type": "string",
                "description": "Storage class of the BOS bucket, available values are STANDARD, STANDARD_IA, COLD or ARCHIVE.",
                "description_kind": "plain",
                "optional": true
              }
            },
            "block_types": {
              "copyright_protection": {
                "nesting_mode": "list",
                "block": {
                  "attributes": {
                    "resource": {
                      "type": [
                        "set",
                        "string"
                      ],
                      "description": "The resources to be protected for copyright.",
                      "description_kind": "plain",
                      "required": true
                    }
                  },
                  "description": "Configuration of the copyright protection.",
                  "description_kind": "plain"
                },
                "max_items": 1
              },
              "cors_rule": {
                "nesting_mode": "list",
                "block": {
                  "attributes": {
                    "allowed_expose_headers": {
                      "type": [
                        "list",
                        "string"
                      ],
                      "description": "Specifies which expose headers are allowed.",
                      "description_kind": "plain",
                      "optional": true
                    },
                    "allowed_headers": {
                      "type": [
                        "list",
                        "string"
                      ],
                      "description": "Specifies which headers are allowed.",
                      "description_kind": "plain",
                      "optional": true
                    },
                    "allowed_methods": {
                      "type": [
                        "list",
                        "string"
                      ],
                      "description": "Specifies which methods are allowed. Can be GET,PUT,DELETE,POST or HEAD.",
                      "description_kind": "plain",
                      "required": true
                    },
                    "allowed_origins": {
                      "type": [
                        "list",
                        "string"
                      ],
                      "description": "Specifies which origins are allowed, containing up to one * wildcard.",
                      "description_kind": "plain",
                      "required": true
                    },
                    "max_age_seconds": {
                      "type": "number",
                      "description": "Specifies time in seconds that browser can cache the response for a preflight request.",
                      "description_kind": "plain",
                      "optional": true
                    }
                  },
                  "description": "Configuration of the Cross-Origin Resource Sharing. Up to 100 rules are allowed per bucket, if there are multiple configurations, the execution order is from top to bottom.",
                  "description_kind": "plain"
                },
                "max_items": 100
              },
              "lifecycle_rule": {
                "nesting_mode": "list",
                "block": {
                  "attributes": {
                    "id": {
                      "type": "string",
                      "description": "ID of the lifecycle rule. The id must be unique and cannot be repeated in the same bucket. The system will automatically generate one when it is not specified.",
                      "description_kind": "plain",
                      "optional": true,
                      "computed": true
                    },
                    "resource": {
                      "type": [
                        "set",
                        "string"
                      ],
                      "description": "Resource of the lifecycle rule. For example, samplebucket/prefix/* will be valid for the object prefixed with prefix/ in samplebucket; samplebucket/* will be valid for all objects in samplebucket.",
                      "description_kind": "plain",
                      "required": true
                    },
                    "status": {
                      "type": "string",
                      "description": "Status of the lifecycle rule, which can be enabled, disabled. The rule cannot take effect when the status is disabled.",
                      "description_kind": "plain",
                      "required": true
                    }
                  },
                  "block_types": {
                    "action": {
                      "nesting_mode": "list",
                      "block": {
                        "attributes": {
                          "name": {
                            "type": "string",
                            "description": "Action name of the lifecycle rule, which can be Transition, DeleteObject and AbortMultipartUpload.",
                            "description_kind": "plain",
                            "required": true
                          },
                          "storage_class": {
                            "type": "string",
                            "description": "When the action is Transition, it can be set to STANDARD_IA or COLD or ARCHIVE, indicating that it is changed from the original storage type to low frequency storage or cold storage or archive storage.",
                            "description_kind": "plain",
                            "optional": true
                          }
                        },
                        "description": "Action of the lifecycle rule.",
                        "description_kind": "plain"
                      },
                      "min_items": 1,
                      "max_items": 1
                    },
                    "condition": {
                      "nesting_mode": "list",
                      "block": {
                        "block_types": {
                          "time": {
                            "nesting_mode": "list",
                            "block": {
                              "attributes": {
                                "date_greater_than": {
                                  "type": "string",
                                  "description": "Support absolute time date and relative time days. The absolute time date format is yyyy-mm-ddThh:mm:ssZ,eg. 2019-09-07T00:00:00Z. The absolute time is UTC time, which must end at 00:00:00(UTC 0 point); the description of relative time days follows ISO8601, and the minimum time granularity supported is days, such as: $(lastModified)+P7D indicates the time of object 7 days after last-modified.",
                                  "description_kind": "plain",
                                  "required": true
                                }
                              },
                              "description": "The condition time, implemented by the date_greater_than.",
                              "description_kind": "plain"
                            },
                            "min_items": 1,
                            "max_items": 1
                          }
                        },
                        "description": "Condition of the lifecycle rule, only the time form is supported currently.",
                        "description_kind": "plain"
                      },
                      "min_items": 1,
                      "max_items": 1
                    }
                  },
                  "description": "Configuration of object lifecycle management.",
                  "description_kind": "plain"
                }
              },
              "logging": {
                "nesting_mode": "list",
                "block": {
                  "attributes": {
                    "target_bucket": {
                      "type": "string",
                      "description": "Target bucket name that will receive the log data.",
                      "description_kind": "plain",
                      "required": true
                    },
                    "target_prefix": {
                      "type": "string",
                      "description": "Target prefix for the log data.",
                      "description_kind": "plain",
                      "optional": true
                    }
                  },
                  "description": "Settings of the bucket logging.",
                  "description_kind": "plain"
                },
                "max_items": 1
              },
              "replication_configuration": {
                "nesting_mode": "list",
                "block": {
                  "attributes": {
                    "id": {
                      "type": "string",
                      "description": "ID of the replication configuration.",
                      "description_kind": "plain",
                      "required": true
                    },
                    "replicate_deletes": {
                      "type": "string",
                      "description": "Whether to enable the delete synchronization, which can be enabled, disabled.",
                      "description_kind": "plain",
                      "required": true
                    },
                    "resource": {
                      "type": [
                        "set",
                        "string"
                      ],
                      "description": "Resource of the replication configuration. The configuration format of the resource is {$bucket_name/<effective object prefix>}, which must start with \"$bucket_name\"+\"/\"",
                      "description_kind": "plain",
                      "required": true
                    },
                    "status": {
                      "type": "string",
                      "description": "Status of the replication configuration. Valid values are enabled and disabled.",
                      "description_kind": "plain",
                      "required": true
                    }
                  },
                  "block_types": {
                    "destination": {
                      "nesting_mode": "list",
                      "block": {
                        "attributes": {
                          "bucket": {
                            "type": "string",
                            "description": "Destination bucket name of the replication configuration.",
                            "description_kind": "plain",
                            "required": true
                          },
                          "storage_class": {
                            "type": "string",
                            "description": "Destination storage class of the replication configuration, the parameter does not need to be configured if it is consistent with the storage class of the source bucket, if you need to specify the storage class separately, it can be COLD, STANDARD, STANDARD_IA.",
                            "description_kind": "plain",
                            "optional": true
                          }
                        },
                        "description": "Destination of the replication configuration.",
                        "description_kind": "plain"
                      },
                      "min_items": 1,
                      "max_items": 1
                    },
                    "replicate_history": {
                      "nesting_mode": "list",
                      "block": {
                        "attributes": {
                          "bucket": {
                            "type": "string",
                            "description": "Destination bucket name of the replication configuration.",
                            "description_kind": "plain",
                            "required": true
                          },
                          "storage_class": {
                            "type": "string",
                            "description": "Destination storage class of the replication configuration, the parameter does not need to be configured if it is consistent with the storage class of the source bucket, if you need to specify the storage class separately, it can be COLD, STANDARD, STANDARD_IA.",
                            "description_kind": "plain",
                            "optional": true
                          }
                        },
                        "description": "Configuration of the replicate history. The bucket name in replicate history needs to be the same as the bucket name in the destination above. After the history file is copied, all the objects of the inventory are copied to the destination bucket synchronously. The history file copy range is not referenced to the resource.",
                        "description_kind": "plain"
                      },
                      "max_items": 1
                    }
                  },
                  "description": "Replication configuration of the BOS bucket.",
                  "description_kind": "plain"
                },
                "max_items": 1
              },
              "timeouts": {
                "nesting_mode": "single",
                "block": {
                  "attributes": {
                    "create": {
                      "type": "string",
                      "description_kind": "plain",
                      "optional": true
                    },
                    "delete": {
                      "type": "string",
                      "description_kind": "plain",
                      "optional": true
                    },
                    "update": {
                      "type": "string",
                      "description_kind": "plain",
                      "optional": true
                    }
                  },
                  "description_kind": "plain"
                }
              },
              "website": {
                "nesting_mode": "list",
                "block": {
                  "attributes": {
                    "error_document": {
                      "type": "string",
                      "description": "An absolute path to the document to return in case of a 404 error.",
                      "description_kind": "plain",
                      "optional": true
                    },
                    "index_document": {
                      "type": "string",
                      "description": "Baiducloud BOS returns this index document when requests are made to the root domain or any of the subfolders.",
                      "description_kind": "plain",
                      "optional": true
                    }
                  },
                  "description": "Website of the BOS bucket.",
                  "description_kind": "plain"
                },
                "max_items": 1
              }
            },
            "description_kind": "plain"
          }
        },
        "baiducloud_bos_bucket_object": {
          "version": 0,
          "block": {
            "attributes": {
              "acl": {
                "type": "string",
                "description": "Canned ACL of the object, which can be private or public-read. If the value is not set, the object permission will be empty by default, and then the bucket permission as default.",
                "description_kind": "plain",
                "optional": true
              },
              "bucket": {
                "type": "string",
                "description": "Name of the bucket to put the file in.",
                "description_kind": "plain",
                "required": true
              },
              "cache_control": {
                "type": "string",
                "description": "The caching behavior along the request/reply chain. Valid values are private, no-cache, max-age and must-revalidate. If not set, the value is empty.",
                "description_kind": "plain",
                "optional": true
              },
              "content": {
                "type": "string",
                "description": "The literal string value that will be uploaded as the object content.",
                "description_kind": "plain",
                "optional": true
              },
              "content_crc32": {
                "type": "string",
                "description": "Crc(cyclic redundancy check code) value of the object.",
                "description_kind": "plain",
                "optional": true,
                "computed": true
              },
              "content_disposition": {
                "type": "string",
                "description": "Specifies presentational information for the object, which can be inline or attachment. If not set, the value is empty.",
                "description_kind": "plain",
                "optional": true
              },
              "content_encoding": {
                "type": "string",
                "description": "Encoding of the object.",
                "description_kind": "plain",
                "computed": true
              },
              "content_length": {
                "type": "number",
                "description": "Length of the content to be uploaded.",
                "description_kind": "plain",
                "optional": true,
                "computed": true
              },
              "content_md5": {
                "type": "string",
                "description": "MD5 digest of the HTTP request content defined in RFC2616 can be carried by the field to verify whether the file saved on the BOS side is consistent with the file expected by the user.",
                "description_kind": "plain",
                "optional": true,
                "computed": true
              },
              "content_sha256": {
                "type": "string",
                "description": "Sha256 value of the object, which is used to verify whether the file saved on the BOS side is consistent with the file expected by the user, the sha256 has higher verification accuracy, and the sha256 value of the transmitted data must match this, otherwise the object uploaded fails.",
                "description_kind": "plain",
                "optional": true
              },
              "content_type": {
                "type": "string",
                "description": "Type to describe the format of the object data.",
                "description_kind": "plain",
                "optional": true,
                "computed": true
              },
              "etag": {
                "type": "string",
                "description": "Etag generated of the object.",
                "description_kind": "plain",
                "computed": true
              },
              "expires": {
                "type": "string",
                "description": "The expire date is used to set the cache expiration time when downloading object. If it is not set, the BOS will set the cache expiration time to three days by default.",
                "description_kind": "plain",
                "optional": true,
                "computed": true
              },
              "id": {
                "type": "string",
                "description_kind": "plain",
                "optional": true,
                "computed": true
              },
              "key": {
                "type": "string",
                "description": "Name of the object once it is in the bucket.",
                "description_kind": "plain",
                "required": true
              },
              "last_modified": {
                "type": "string",
                "description": "Last modified date of the object.",
                "description_kind": "plain",
                "computed": true
              },
              "source": {
                "type": "string",
                "description": "The file path that will be read and uploaded as raw bytes for the object content.",
                "description_kind": "plain",
                "optional": true
              },
              "storage_class": {
                "type": "string",
                "description": "Storage class of the object, which can be COLD, STANDARD_IA, STANDARD or ARCHIVE. Default to STANDARD.",
                "description_kind": "plain",
                "optional": true,
                "computed": true
              },
              "user_meta": {
                "type": [
                  "map",
                  "string"
                ],
                "description": "The mapping of key/values to to provision metadata, which will be automatically prefixed by x-bce-meta-.",
                "description_kind": "plain",
                "optional": true
              }
            },
            "block_types": {
              "timeouts": {
                "nesting_mode": "single",
                "block": {
                  "attributes": {
                    "create": {
                      "type": "string",
                      "description_kind": "plain",
                      "optional": true
                    },
                    "delete": {
                      "type": "string",
                      "description_kind": "plain",
                      "optional": true
                    },
                    "update": {
                      "type": "string",
                      "description_kind": "plain",
                      "optional": true
                    }
                  },
                  "description_kind": "plain"
                }
              }
            },
            "description_kind": "plain"
          }
        },
        "baiducloud_cce_cluster": {
          "version": 0,
          "block": {
            "attributes": {
              "advanced_options": {
                "type": [
                  "map",
                  "string"
                ],
                "description": "Advanced options configuration of the cce cluster.",
                "description_kind": "plain",
                "optional": true
              },
              "cluster_name": {
                "type": "string",
                "description": "Name of the Cluster. Support for uppercase and lowercase letters, numbers, Chinese and special characters, such as \"-\",\"_\",\"/\",\".\", the value must start with a letter, length 1-65.",
                "description_kind": "plain",
                "required": true
              },
              "cluster_node_num": {
                "type": "number",
                "description": "Number of nodes in the cluster.",
                "description_kind": "plain",
                "computed": true
              },
              "cluster_uuid": {
                "type": "string",
                "description": "UUID of cce cluster.",
                "description_kind": "plain",
                "computed": true
              },
              "comment": {
                "type": "string",
                "description": "Comment information of the cce cluster.",
                "description_kind": "plain",
                "optional": true
              },
              "container_net": {
                "type": "string",
                "description": "Container network type of the cce cluster.",
                "description_kind": "plain",
                "required": true
              },
              "create_start_time": {
                "type": "string",
                "description": "Create time of the cce cluster.",
                "description_kind": "plain",
                "computed": true
              },
              "delete_eip_cds": {
                "type": "bool",
                "description": "Whether to delete the eip and cds, default to true.",
                "description_kind": "plain",
                "optional": true
              },
              "delete_snapshots": {
                "type": "bool",
                "description": "Whether to delete the snapshots, default to true.",
                "description_kind": "plain",
                "optional": true
              },
              "delete_time": {
                "type": "string",
                "description": "Delete time of the cce cluster.",
                "description_kind": "plain",
                "computed": true
              },
              "deploy_mode": {
                "type": "string",
                "description": "Deployment mode of the cce cluster, which can only be BCC.",
                "description_kind": "plain",
                "optional": true
              },
              "has_prepay": {
                "type": "bool",
                "description": "Whether to include prepaid nodes.",
                "description_kind": "plain",
                "computed": true
              },
              "id": {
                "type": "string",
                "description_kind": "plain",
                "optional": true,
                "computed": true
              },
              "instance_mode": {
                "type": "string",
                "description": "Instance mode of the cce cluster.",
                "description_kind": "plain",
                "computed": true
              },
              "main_available_zone": {
                "type": "string",
                "description": "Main available zone of the cce cluster, support zoneA, zoneB, etc.",
                "description_kind": "plain",
                "optional": true
              },
              "master_vm_count": {
                "type": "number",
                "description": "Number of virtual machines in the master node of the cce cluster.",
                "description_kind": "plain",
                "computed": true
              },
              "master_zone_subnet_map": {
                "type": [
                  "map",
                  "string"
                ],
                "description": "Availability zone of master node.",
                "description_kind": "plain",
                "computed": true
              },
              "region": {
                "type": "string",
                "description": "Region of the cce cluster.",
                "description_kind": "plain",
                "computed": true
              },
              "status": {
                "type": "string",
                "description": "Status of the cce cluster.",
                "description_kind": "plain",
                "computed": true
              },
              "version": {
                "type": "string",
                "description": "Kubernetes version of the cce cluster.",
                "description_kind": "plain",
                "optional": true
              },
              "vpc_cidr": {
                "type": "string",
                "description": "VPC cidr of the cce cluster.",
                "description_kind": "plain",
                "computed": true
              },
              "vpc_id": {
                "type": "string",
                "description": "VPC id of the cce cluster.",
                "description_kind": "plain",
                "computed": true
              },
              "vpc_uuid": {
                "type": "string",
                "description": "VPC uuid of the cce cluster.",
                "description_kind": "plain",
                "computed": true
              },
              "worker_instances_list": {
                "type": [
                  "list",
                  [
                    "object",
                    {
                      "available_zone": "string",
                      "eip": "string",
                      "instance_id": "string",
                      "status": "string"
                    }
                  ]
                ],
                "description": "List of the worker instances.",
                "description_kind": "plain",
                "computed": true
              },
              "zone_subnet_map": {
                "type": [
                  "map",
                  "string"
                ],
                "description": "Subnet of the zone.",
                "description_kind": "plain",
                "computed": true
              }
            },
            "block_types": {
              "master_config": {
                "nesting_mode": "list",
                "block": {
                  "attributes": {
                    "admin_pass": {
                      "type": "string",
                      "description": "Password of the worker node.",
                      "description_kind": "plain",
                      "optional": true
                    },
                    "auto_renew": {
                      "type": "bool",
                      "description": "Whether the master is automatically renewed.",
                      "description_kind": "plain",
                      "optional": true
                    },
                    "auto_renew_time": {
                      "type": "number",
                      "description": "The time length of automatic renewal. It is valid only when the product_type is prepay and auto_renew is true.",
                      "description_kind": "plain",
                      "optional": true
                    },
                    "auto_renew_time_unit": {
                      "type": "string",
                      "description": "Time unit of automatic renewal, the default value is month, It is valid only when the product_type is prepay and auto_renew is true.",
                      "description_kind": "plain",
                      "optional": true
                    },
                    "cpu": {
                      "type": "number",
                      "description": "Number of cpu cores.",
                      "description_kind": "plain",
                      "required": true
                    },
                    "gpu_card": {
                      "type": "string",
                      "description": "Gpu card of the master node.",
                      "description_kind": "plain",
                      "optional": true
                    },
                    "gpu_count": {
                      "type": "number",
                      "description": "Count of gpu card.",
                      "description_kind": "plain",
                      "optional": true
                    },
                    "image_id": {
                      "type": "string",
                      "description": "Image id of the master node.",
                      "description_kind": "plain",
                      "required": true
                    },
                    "image_type": {
                      "type": "string",
                      "description": "Image type of the master node.",
                      "description_kind": "plain",
                      "required": true
                    },
                    "instance_type": {
                      "type": "string",
                      "description": "Instance type of the master node.",
                      "description_kind": "plain",
                      "required": true
                    },
                    "keypair_id": {
                      "type": "string",
                      "description": "Instance Key pair Id.",
                      "description_kind": "plain",
                      "optional": true
                    },
                    "logical_zone": {
                      "type": "string",
                      "description": "Logical zone of the master node.",
                      "description_kind": "plain",
                      "required": true
                    },
                    "memory": {
                      "type": "number",
                      "description": "Memory capacity(GB) of the master node.",
                      "description_kind": "plain",
                      "required": true
                    },
                    "product_type": {
                      "type": "string",
                      "description": "Product type of the master node, which can be postpay or prepay.",
                      "description_kind": "plain",
                      "optional": true
                    },
                    "purchase_length": {
                      "type": "number",
                      "description": "Purchase duration of the master node.",
                      "description_kind": "plain",
                      "optional": true
                    },
                    "root_disk_size_in_gb": {
                      "type": "number",
                      "description": "System disk size(GB) of the master node.",
                      "description_kind": "plain",
                      "optional": true
                    },
                    "root_disk_storage_type": {
                      "type": "string",
                      "description": "System disk storage type of the master node.",
                      "description_kind": "plain",
                      "optional": true
                    },
                    "security_group_id": {
                      "type": "string",
                      "description": "ID of the security group.",
                      "description_kind": "plain",
                      "required": true
                    },
                    "subnet_uuid": {
                      "type": "string",
                      "description": "Subnet uuid of the master node.",
                      "description_kind": "plain",
                      "required": true
                    }
                  },
                  "description": "Master config of the cce cluster.",
                  "description_kind": "plain"
                },
                "max_items": 1
              },
              "timeouts": {
                "nesting_mode": "single",
                "block": {
                  "attributes": {
                    "create": {
                      "type": "string",
                      "description_kind": "plain",
                      "optional": true
                    },
                    "delete": {
                      "type": "string",
                      "description_kind": "plain",
                      "optional": true
                    },
                    "update": {
                      "type": "string",
                      "description_kind": "plain",
                      "optional": true
                    }
                  },
                  "description_kind": "plain"
                }
              },
              "worker_config": {
                "nesting_mode": "list",
                "block": {
                  "attributes": {
                    "admin_pass": {
                      "type": "string",
                      "description": "Password of the worker node.",
                      "description_kind": "plain",
                      "optional": true
                    },
                    "auto_renew": {
                      "type": "bool",
                      "description": "Whether the worker is automatically renewed.",
                      "description_kind": "plain",
                      "optional": true
                    },
                    "auto_renew_time": {
                      "type": "number",
                      "description": "The time length of automatic renewal. It is valid only when the product_type is prepay and auto_renew is true.",
                      "description_kind": "plain",
                      "optional": true
                    },
                    "auto_renew_time_unit": {
                      "type": "string",
                      "description": "Time unit of automatic renewal, the default value is month, It is valid only when the product_type is prepay and auto_renew is true.",
                      "description_kind": "plain",
                      "optional": true
                    },
                    "count": {
                      "type": [
                        "map",
                        "number"
                      ],
                      "description": "Count of the worker node.",
                      "description_kind": "plain",
                      "required": true
                    },
                    "cpu": {
                      "type": "number",
                      "description": "Number of cpu cores for the worker node.",
                      "description_kind": "plain",
                      "required": true
                    },
                    "eip": {
                      "type": [
                        "map",
                        "string"
                      ],
                      "description": "Eip of the worker node.",
                      "description_kind": "plain",
                      "optional": true
                    },
                    "gpu_card": {
                      "type": "string",
                      "description": "Gpu card of the worker node.",
                      "description_kind": "plain",
                      "optional": true
                    },
                    "gpu_count": {
                      "type": "number",
                      "description": "Gpu count of the worker node.",
                      "description_kind": "plain",
                      "optional": true
                    },
                    "image_id": {
                      "type": "string",
                      "description": "Image id of the worker node.",
                      "description_kind": "plain",
                      "required": true
                    },
                    "image_type": {
                      "type": "string",
                      "description": "Image type of the worker node, which can be common, custom, gpuBccImage, gpuBccCustom, sharing.",
                      "description_kind": "plain",
                      "required": true
                    },
                    "instance_type": {
                      "type": "string",
                      "description": "Instance type of the worker node.",
                      "description_kind": "plain",
                      "required": true
                    },
                    "keypair_id": {
                      "type": "string",
                      "description": "Instance Key pair Id.",
                      "description_kind": "plain",
                      "optional": true
                    },
                    "memory": {
                      "type": "number",
                      "description": "Memory size of the worker node.",
                      "description_kind": "plain",
                      "required": true
                    },
                    "product_type": {
                      "type": "string",
                      "description": "Product type of the worker node, which can be postpay or prepay.",
                      "description_kind": "plain",
                      "optional": true
                    },
                    "purchase_length": {
                      "type": "number",
                      "description": "Purchase duration of the worker node.",
                      "description_kind": "plain",
                      "optional": true
                    },
                    "root_disk_size_in_gb": {
                      "type": "number",
                      "description": "System disk size(GB) of the worker node.",
                      "description_kind": "plain",
                      "optional": true
                    },
                    "root_disk_storage_type": {
                      "type": "string",
                      "description": "System disk storage type of the worker node.",
                      "description_kind": "plain",
                      "optional": true
                    },
                    "security_group_id": {
                      "type": "string",
                      "description": "ID of the security group.",
                      "description_kind": "plain",
                      "required": true
                    },
                    "subnet_uuid": {
                      "type": [
                        "map",
                        "string"
                      ],
                      "description": "Subnet uuid of the worker node.",
                      "description_kind": "plain",
                      "required": true
                    }
                  },
                  "block_types": {
                    "cds_disks": {
                      "nesting_mode": "list",
                      "block": {
                        "attributes": {
                          "disk_size_in_gb": {
                            "type": "number",
                            "description": "Volume of disk in GB. Default is 0.",
                            "description_kind": "plain",
                            "required": true
                          },
                          "snapshot_id": {
                            "type": "string",
                            "description": "Data disk snapshot ID.",
                            "description_kind": "plain",
                            "optional": true
                          },
                          "volume_type": {
                            "type": "string",
                            "description": "Types of disk，available values: CLOUD_PREMIUM and CLOUD_SSD.",
                            "description_kind": "plain",
                            "required": true
                          }
                        },
                        "description": "CDS disks of the worker node.",
                        "description_kind": "plain"
                      }
                    }
                  },
                  "description": "Worker node config of the cce cluster.",
                  "description_kind": "plain"
                },
                "min_items": 1,
                "max_items": 1
              }
            },
            "description_kind": "plain"
          }
        },
        "baiducloud_ccev2_cluster": {
          "version": 0,
          "block": {
            "attributes": {
              "cluster_status": {
                "type": [
                  "list",
                  [
                    "object",
                    {
                      "cluster_blb": [
                        "list",
                        [
                          "object",
                          {
                            "eip": "string",
                            "id": "string",
                            "vpc_ip": "string"
                          }
                        ]
                      ],
                      "cluster_phase": "string",
                      "node_num": "number"
                    }
                  ]
                ],
                "description": "Statue of the cluster",
                "description_kind": "plain",
                "computed": true
              },
              "created_at": {
                "type": "string",
                "description": "Create time of the cluster",
                "description_kind": "plain",
                "computed": true
              },
              "id": {
                "type": "string",
                "description_kind": "plain",
                "optional": true,
                "computed": true
              },
              "masters": {
                "type": [
                  "list",
                  [
                    "object",
                    {
                      "created_at": "string",
                      "instance_spec": [
                        "list",
                        [
                          "object",
                          {
                            "admin_password": "string",
                            "bbc_option": [
                              "list",
                              [
                                "object",
                                {
                                  "raid_id": "string",
                                  "reserve_data": "bool",
                                  "sys_disk_size": "number"
                                }
                              ]
                            ],
                            "cce_instance_id": "string",
                            "cce_instance_priority": "number",
                            "cluster_id": "string",
                            "cluster_role": "string",
                            "delete_option": [
                              "list",
                              [
                                "object",
                                {
                                  "delete_cds_snapshot": "bool",
                                  "delete_resource": "bool",
                                  "move_out": "bool"
                                }
                              ]
                            ],
                            "deploy_custom_config": [
                              "list",
                              [
                                "object",
                                {
                                  "docker_config": [
                                    "list",
                                    [
                                      "object",
                                      {
                                        "bip": "string",
                                        "docker_data_root": "string",
                                        "docker_log_max_file": "string",
                                        "docker_log_max_size": "string",
                                        "insecure_registries": [
                                          "list",
                                          "string"
                                        ],
                                        "registry_mirrors": [
                                          "list",
                                          "string"
                                        ]
                                      }
                                    ]
                                  ],
                                  "enable_cordon": "bool",
                                  "enable_resource_reserved": "bool",
                                  "kube_reserved": [
                                    "map",
                                    "string"
                                  ],
                                  "kubelet_root_dir": "string",
                                  "post_user_script": "string",
                                  "pre_user_script": "string"
                                }
                              ]
                            ],
                            "eip_option": [
                              "list",
                              [
                                "object",
                                {
                                  "eip_bandwidth": "number",
                                  "eip_charging_type": "string",
                                  "eip_name": "string"
                                }
                              ]
                            ],
                            "existed": "bool",
                            "existed_option": [
                              "list",
                              [
                                "object",
                                {
                                  "existed_instance_id": "string",
                                  "rebuild": "bool"
                                }
                              ]
                            ],
                            "image_id": "string",
                            "instance_charging_type": "string",
                            "instance_group_id": "string",
                            "instance_group_name": "string",
                            "instance_name": "string",
                            "instance_os": [
                              "list",
                              [
                                "object",
                                {
                                  "image_name": "string",
                                  "image_type": "string",
                                  "os_arch": "string",
                                  "os_build": "string",
                                  "os_name": "string",
                                  "os_type": "string",
                                  "os_version": "string"
                                }
                              ]
                            ],
                            "instance_precharging_option": [
                              "list",
                              [
                                "object",
                                {
                                  "auto_renew": "bool",
                                  "auto_renew_time": "number",
                                  "auto_renew_time_unit": "string",
                                  "purchase_time": "number"
                                }
                              ]
                            ],
                            "instance_resource": [
                              "list",
                              [
                                "object",
                                {
                                  "cds_list": [
                                    "list",
                                    [
                                      "object",
                                      {
                                        "cds_size": "number",
                                        "path": "string",
                                        "snapshot_id": "string",
                                        "storage_type": "string"
                                      }
                                    ]
                                  ],
                                  "cpu": "number",
                                  "gpu_count": "number",
                                  "gpu_type": "string",
                                  "local_disk_size": "number",
                                  "mem": "number",
                                  "node_cpu_quota": "number",
                                  "node_mem_quota": "number",
                                  "root_disk_size": "number",
                                  "root_disk_type": "string"
                                }
                              ]
                            ],
                            "instance_taints": [
                              "list",
                              [
                                "object",
                                {
                                  "effect": "string",
                                  "key": "string",
                                  "time_added": "string",
                                  "value": "string"
                                }
                              ]
                            ],
                            "instance_type": "string",
                            "labels": [
                              "map",
                              "string"
                            ],
                            "machine_type": "string",
                            "master_type": "string",
                            "need_eip": "bool",
                            "runtime_type": "string",
                            "runtime_version": "string",
                            "ssh_key_id": "string",
                            "tag_list": [
                              "list",
                              [
                                "object",
                                {
                                  "tag_key": "string",
                                  "tag_value": "string"
                                }
                              ]
                            ],
                            "vpc_config": [
                              "list",
                              [
                                "object",
                                {
                                  "available_zone": "string",
                                  "security_group_id": "string",
                                  "vpc_id": "string",
                                  "vpc_subnet_cidr": "string",
                                  "vpc_subnet_cidr_ipv6": "string",
                                  "vpc_subnet_id": "string",
                                  "vpc_subnet_type": "string"
                                }
                              ]
                            ]
                          }
                        ]
                      ],
                      "instance_status": [
                        "list",
                        [
                          "object",
                          {
                            "instance_phase": "string",
                            "machine": [
                              "list",
                              [
                                "object",
                                {
                                  "eip": "string",
                                  "instance_id": "string",
                                  "mount_list": [
                                    "list",
                                    [
                                      "object",
                                      {
                                        "cds_id": "string",
                                        "cds_size": "number",
                                        "device": "string",
                                        "path": "string",
                                        "storage_type": "string"
                                      }
                                    ]
                                  ],
                                  "order_id": "string",
                                  "vpc_ip": "string",
                                  "vpc_ip_ipv6": "string"
                                }
                              ]
                            ],
                            "machine_status": "string"
                          }
                        ]
                      ],
                      "updated_at": "string"
                    }
                  ]
                ],
                "description": "Master machines of the cluster",
                "description_kind": "plain",
                "computed": true
              },
              "nodes": {
                "type": [
                  "list",
                  [
                    "object",
                    {
                      "created_at": "string",
                      "instance_spec": [
                        "list",
                        [
                          "object",
                          {
                            "admin_password": "string",
                            "bbc_option": [
                              "list",
                              [
                                "object",
                                {
                                  "raid_id": "string",
                                  "reserve_data": "bool",
                                  "sys_disk_size": "number"
                                }
                              ]
                            ],
                            "cce_instance_id": "string",
                            "cce_instance_priority": "number",
                            "cluster_id": "string",
                            "cluster_role": "string",
                            "delete_option": [
                              "list",
                              [
                                "object",
                                {
                                  "delete_cds_snapshot": "bool",
                                  "delete_resource": "bool",
                                  "move_out": "bool"
                                }
                              ]
                            ],
                            "deploy_custom_config": [
                              "list",
                              [
                                "object",
                                {
                                  "docker_config": [
                                    "list",
                                    [
                                      "object",
                                      {
                                        "bip": "string",
                                        "docker_data_root": "string",
                                        "docker_log_max_file": "string",
                                        "docker_log_max_size": "string",
                                        "insecure_registries": [
                                          "list",
                                          "string"
                                        ],
                                        "registry_mirrors": [
                                          "list",
                                          "string"
                                        ]
                                      }
                                    ]
                                  ],
                                  "enable_cordon": "bool",
                                  "enable_resource_reserved": "bool",
                                  "kube_reserved": [
                                    "map",
                                    "string"
                                  ],
                                  "kubelet_root_dir": "string",
                                  "post_user_script": "string",
                                  "pre_user_script": "string"
                                }
                              ]
                            ],
                            "eip_option": [
                              "list",
                              [
                                "object",
                                {
                                  "eip_bandwidth": "number",
                                  "eip_charging_type": "string",
                                  "eip_name": "string"
                                }
                              ]
                            ],
                            "existed": "bool",
                            "existed_option": [
                              "list",
                              [
                                "object",
                                {
                                  "existed_instance_id": "string",
                                  "rebuild": "bool"
                                }
                              ]
                            ],
                            "image_id": "string",
                            "instance_charging_type": "string",
                            "instance_group_id": "string",
                            "instance_group_name": "string",
                            "instance_name": "string",
                            "instance_os": [
                              "list",
                              [
                                "object",
                                {
                                  "image_name": "string",
                                  "image_type": "string",
                                  "os_arch": "string",
                                  "os_build": "string",
                                  "os_name": "string",
                                  "os_type": "string",
                                  "os_version": "string"
                                }
                              ]
                            ],
                            "instance_precharging_option": [
                              "list",
                              [
                                "object",
                                {
                                  "auto_renew": "bool",
                                  "auto_renew_time": "number",
                                  "auto_renew_time_unit": "string",
                                  "purchase_time": "number"
                                }
                              ]
                            ],
                            "instance_resource": [
                              "list",
                              [
                                "object",
                                {
                                  "cds_list": [
                                    "list",
                                    [
                                      "object",
                                      {
                                        "cds_size": "number",
                                        "path": "string",
                                        "snapshot_id": "string",
                                        "storage_type": "string"
                                      }
                                    ]
                                  ],
                                  "cpu": "number",
                                  "gpu_count": "number",
                                  "gpu_type": "string",
                                  "local_disk_size": "number",
                                  "mem": "number",
                                  "node_cpu_quota": "number",
                                  "node_mem_quota": "number",
                                  "root_disk_size": "number",
                                  "root_disk_type": "string"
                                }
                              ]
                            ],
                            "instance_taints": [
                              "list",
                              [
                                "object",
                                {
                                  "effect": "string",
                                  "key": "string",
                                  "time_added": "string",
                                  "value": "string"
                                }
                              ]
                            ],
                            "instance_type": "string",
                            "labels": [
                              "map",
                              "string"
                            ],
                            "machine_type": "string",
                            "master_type": "string",
                            "need_eip": "bool",
                            "runtime_type": "string",
                            "runtime_version": "string",
                            "ssh_key_id": "string",
                            "tag_list": [
                              "list",
                              [
                                "object",
                                {
                                  "tag_key": "string",
                                  "tag_value": "string"
                                }
                              ]
                            ],
                            "vpc_config": [
                              "list",
                              [
                                "object",
                                {
                                  "available_zone": "string",
                                  "security_group_id": "string",
                                  "vpc_id": "string",
                                  "vpc_subnet_cidr": "string",
                                  "vpc_subnet_cidr_ipv6": "string",
                                  "vpc_subnet_id": "string",
                                  "vpc_subnet_type": "string"
                                }
                              ]
                            ]
                          }
                        ]
                      ],
                      "instance_status": [
                        "list",
                        [
                          "object",
                          {
                            "instance_phase": "string",
                            "machine": [
                              "list",
                              [
                                "object",
                                {
                                  "eip": "string",
                                  "instance_id": "string",
                                  "mount_list": [
                                    "list",
                                    [
                                      "object",
                                      {
                                        "cds_id": "string",
                                        "cds_size": "number",
                                        "device": "string",
                                        "path": "string",
                                        "storage_type": "string"
                                      }
                                    ]
                                  ],
                                  "order_id": "string",
                                  "vpc_ip": "string",
                                  "vpc_ip_ipv6": "string"
                                }
                              ]
                            ],
                            "machine_status": "string"
                          }
                        ]
                      ],
                      "updated_at": "string"
                    }
                  ]
                ],
                "description": "Slave machines of the cluster",
                "description_kind": "plain",
                "computed": true
              },
              "updated_at": {
                "type": "string",
                "description": "Update time of the cluster",
                "description_kind": "plain",
                "computed": true
              }
            },
            "block_types": {
              "cluster_spec": {
                "nesting_mode": "list",
                "block": {
                  "attributes": {
                    "cluster_name": {
                      "type": "string",
                      "description": "Cluster Name",
                      "description_kind": "plain",
                      "optional": true
                    },
                    "cluster_type": {
                      "type": "string",
                      "description": "Cluster Type. Available Value: [normal].",
                      "description_kind": "plain",
                      "optional": true
                    },
                    "description": {
                      "type": "string",
                      "description": "Cluster Description",
                      "description_kind": "plain",
                      "optional": true
                    },
                    "k8s_version": {
                      "type": "string",
                      "description": "Kubernetes Version. Available Value: [1.18.9, 1.20.8, 1.22.5].",
                      "description_kind": "plain",
                      "optional": true
                    },
                    "plugins": {
                      "type": [
                        "list",
                        "string"
                      ],
                      "description": "Plugin List",
                      "description_kind": "plain",
                      "optional": true
                    },
                    "runtime_type": {
                      "type": "string",
                      "description": "Container Runtime Type. Available Value: [docker].",
                      "description_kind": "plain",
                      "optional": true
                    },
                    "runtime_version": {
                      "type": "string",
                      "description": "Container Runtime Version",
                      "description_kind": "plain",
                      "optional": true
                    },
                    "vpc_cidr": {
                      "type": "string",
                      "description": "VPC CIDR",
                      "description_kind": "plain",
                      "optional": true
                    },
                    "vpc_cidr_ipv6": {
                      "type": "string",
                      "description": "VPC CIDR IPv6",
                      "description_kind": "plain",
                      "optional": true
                    },
                    "vpc_id": {
                      "type": "string",
                      "description": "VPC ID",
                      "description_kind": "plain",
                      "optional": true
                    }
                  },
                  "block_types": {
                    "cluster_delete_option": {
                      "nesting_mode": "list",
                      "block": {
                        "attributes": {
                          "delete_cds_snapshot": {
                            "type": "bool",
                            "description": "Whether to delete CDS snapshot",
                            "description_kind": "plain",
                            "optional": true,
                            "computed": true
                          },
                          "delete_resource": {
                            "type": "bool",
                            "description": "Whether to delete resources",
                            "description_kind": "plain",
                            "optional": true,
                            "computed": true
                          }
                        },
                        "description": "Cluster Delete Option",
                        "description_kind": "plain"
                      },
                      "max_items": 1
                    },
                    "container_network_config": {
                      "nesting_mode": "list",
                      "block": {
                        "attributes": {
                          "cluster_ip_service_cidr": {
                            "type": "string",
                            "description": "Cluster Service ClusterIP CIDR ",
                            "description_kind": "plain",
                            "optional": true
                          },
                          "cluster_ip_service_cidr_ipv6": {
                            "type": "string",
                            "description": "Cluster Service ClusterIP CIDR IPv6",
                            "description_kind": "plain",
                            "optional": true
                          },
                          "cluster_pod_cidr": {
                            "type": "string",
                            "description": "Cluster Pod IP CIDR",
                            "description_kind": "plain",
                            "optional": true
                          },
                          "cluster_pod_cidr_ipv6": {
                            "type": "string",
                            "description": "Cluster Pod IP CIDR IPv6",
                            "description_kind": "plain",
                            "optional": true
                          },
                          "eni_security_group_id": {
                            "type": "string",
                            "description": "ENI Security Group ID",
                            "description_kind": "plain",
                            "optional": true
                          },
                          "ip_version": {
                            "type": "string",
                            "description": "IP Version. Available Value: [ipv4, ipv6, dualStack].",
                            "description_kind": "plain",
                            "optional": true
                          },
                          "kube_proxy_mode": {
                            "type": "string",
                            "description": "KubeProxy Mode. Available Value: [iptables, ipvs].",
                            "description_kind": "plain",
                            "optional": true
                          },
                          "lb_service_vpc_subnet_id": {
                            "type": "string",
                            "description": "LB Service VPC Sunnet ID",
                            "description_kind": "plain",
                            "optional": true
                          },
                          "max_pods_per_node": {
                            "type": "number",
                            "description": "Max pod number in one node ",
                            "description_kind": "plain",
                            "optional": true
                          },
                          "mode": {
                            "type": "string",
                            "description": "Network Mode. Available Value: [kubenet, vpc-cni, vpc-route-veth, vpc-route-ipvlan, vpc-route-auto-detect, vpc-secondary-ip-veth, vpc-secondary-ip-ipvlan, vpc-secondary-ip-auto-detect].",
                            "description_kind": "plain",
                            "optional": true
                          },
                          "node_port_range_max": {
                            "type": "number",
                            "description": "Node Port Service Port Range Max",
                            "description_kind": "plain",
                            "optional": true
                          },
                          "node_port_range_min": {
                            "type": "number",
                            "description": "Node Port Service Port Range Min",
                            "description_kind": "plain",
                            "optional": true
                          }
                        },
                        "block_types": {
                          "eni_vpc_subnet_ids": {
                            "nesting_mode": "list",
                            "block": {
                              "attributes": {
                                "zone_and_id": {
                                  "type": [
                                    "map",
                                    "string"
                                  ],
                                  "description": "Available Zone and ENI ID",
                                  "description_kind": "plain",
                                  "optional": true
                                }
                              },
                              "description": "ENI VPC Subnet ID",
                              "description_kind": "plain"
                            }
                          }
                        },
                        "description": "Container Network Config",
                        "description_kind": "plain"
                      },
                      "max_items": 1
                    },
                    "k8s_custom_config": {
                      "nesting_mode": "list",
                      "block": {
                        "attributes": {
                          "admission_plugins": {
                            "type": [
                              "list",
                              "string"
                            ],
                            "description": "custom Admission Plugins",
                            "description_kind": "plain",
                            "optional": true
                          },
                          "etcd_data_path": {
                            "type": "string",
                            "description": "etcd data directory",
                            "description_kind": "plain",
                            "optional": true
                          },
                          "kube_api_burst": {
                            "type": "number",
                            "description": "custom Kube API Burst",
                            "description_kind": "plain",
                            "optional": true
                          },
                          "kube_api_qps": {
                            "type": "number",
                            "description": "custom Kube API QPS",
                            "description_kind": "plain",
                            "optional": true
                          },
                          "master_feature_gates": {
                            "type": [
                              "map",
                              "bool"
                            ],
                            "description": "custom master Feature Gates",
                            "description_kind": "plain",
                            "optional": true
                          },
                          "node_feature_gates": {
                            "type": [
                              "map",
                              "bool"
                            ],
                            "description": "custom node Feature Gates",
                            "description_kind": "plain",
                            "optional": true
                          },
                          "pause_image": {
                            "type": "string",
                            "description": "custom PauseImage",
                            "description_kind": "plain",
                            "optional": true
                          },
                          "scheduler_predicated": {
                            "type": [
                              "list",
                              "string"
                            ],
                            "description": "custom Scheduler Predicates",
                            "description_kind": "plain",
                            "optional": true
                          },
                          "scheduler_priorities": {
                            "type": [
                              "map",
                              "number"
                            ],
                            "description": "custom SchedulerPriorities",
                            "description_kind": "plain",
                            "optional": true
                          }
                        },
                        "description": "Cluster k8s custom config",
                        "description_kind": "plain"
                      },
                      "max_items": 1
                    },
                    "master_config": {
                      "nesting_mode": "list",
                      "block": {
                        "attributes": {
                          "cluster_blb_vpc_subnet_id": {
                            "type": "string",
                            "description": "Cluster BLB VPC Subnet ID",
                            "description_kind": "plain",
                            "optional": true
                          },
                          "cluster_ha": {
                            "type": "number",
                            "description": "Number of master nodes. Available Value: [1, 3, 5, 2(for serverless)].",
                            "description_kind": "plain",
                            "optional": true
                          },
                          "exposed_public": {
                            "type": "bool",
                            "description": "Whether exposed to public network",
                            "description_kind": "plain",
                            "optional": true
                          },
                          "master_type": {
                            "type": "string",
                            "description": "Master Type. Available Value: [managed, custom, serverless].",
                            "description_kind": "plain",
                            "optional": true
                          }
                        },
                        "block_types": {
                          "managed_cluster_master_option": {
                            "nesting_mode": "list",
                            "block": {
                              "attributes": {
                                "master_vpc_subnet_zone": {
                                  "type": "string",
                                  "description": "Master VPC Subnet Zone. Available Value: [zoneA, zoneB, zoneC, zoneD, zoneE, zoneF].",
                                  "description_kind": "plain",
                                  "optional": true
                                }
                              },
                              "description": "Managed cluster master option",
                              "description_kind": "plain"
                            },
                            "max_items": 1
                          }
                        },
                        "description": "Cluster Master Config",
                        "description_kind": "plain"
                      },
                      "max_items": 1
                    }
                  },
                  "description": "Specification of the cluster",
                  "description_kind": "plain"
                },
                "min_items": 1,
                "max_items": 1
              },
              "master_specs": {
                "nesting_mode": "list",
                "block": {
                  "attributes": {
                    "count": {
                      "type": "number",
                      "description": "Count of this type master",
                      "description_kind": "plain",
                      "required": true
                    }
                  },
                  "block_types": {
                    "master_spec": {
                      "nesting_mode": "list",
                      "block": {
                        "attributes": {
                          "admin_password": {
                            "type": "string",
                            "description": "Admin Password",
                            "description_kind": "plain",
                            "optional": true,
                            "computed": true
                          },
                          "cce_instance_id": {
                            "type": "string",
                            "description": "Instance ID",
                            "description_kind": "plain",
                            "optional": true,
                            "computed": true
                          },
                          "cce_instance_priority": {
                            "type": "number",
                            "description": "Priority of this instance.",
                            "description_kind": "plain",
                            "computed": true
                          },
                          "cluster_id": {
                            "type": "string",
                            "description": "Cluster ID of this Instance",
                            "description_kind": "plain",
                            "optional": true,
                            "computed": true
                          },
                          "cluster_role": {
                            "type": "string",
                            "description": "Cluster Role of Instance, Master or Nodes. Available Value: [master, node].",
                            "description_kind": "plain",
                            "optional": true,
                            "computed": true
                          },
                          "existed": {
                            "type": "bool",
                            "description": "Is the instance existed",
                            "description_kind": "plain",
                            "optional": true,
                            "computed": true
                          },
                          "image_id": {
                            "type": "string",
                            "description": "Image ID",
                            "description_kind": "plain",
                            "optional": true,
                            "computed": true
                          },
                          "instance_charging_type": {
                            "type": "string",
                            "description": "Instance charging type. Available Value: [Prepaid, Postpaid, bidding].",
                            "description_kind": "plain",
                            "optional": true,
                            "computed": true
                          },
                          "instance_group_id": {
                            "type": "string",
                            "description": "Instance Group ID of this Instance",
                            "description_kind": "plain",
                            "optional": true,
                            "computed": true
                          },
                          "instance_group_name": {
                            "type": "string",
                            "description": "Name of Instance Group",
                            "description_kind": "plain",
                            "optional": true,
                            "computed": true
                          },
                          "instance_name": {
                            "type": "string",
                            "description": "Instance Name",
                            "description_kind": "plain",
                            "optional": true,
                            "computed": true
                          },
                          "instance_type": {
                            "type": "string",
                            "description": "Instance Type Available Value: [N1, N2, N3, N4, N5, C1, C2, S1, G1, F1].",
                            "description_kind": "plain",
                            "optional": true,
                            "computed": true
                          },
                          "labels": {
                            "type": [
                              "map",
                              "string"
                            ],
                            "description": "Labels List",
                            "description_kind": "plain",
                            "optional": true,
                            "computed": true
                          },
                          "machine_type": {
                            "type": "string",
                            "description": "Machine Type. Available Value: [BCC, BBC, Metal].",
                            "description_kind": "plain",
                            "optional": true,
                            "computed": true
                          },
                          "master_type": {
                            "type": "string",
                            "description": "Master Type. Available Value: [managed, custom, serverless].",
                            "description_kind": "plain",
                            "optional": true,
                            "computed": true
                          },
                          "need_eip": {
                            "type": "bool",
                            "description": "Whether the instance need a EIP",
                            "description_kind": "plain",
                            "optional": true,
                            "computed": true
                          },
                          "runtime_type": {
                            "type": "string",
                            "description": "Container Runtime Type. Available Value: [docker].",
                            "description_kind": "plain",
                            "optional": true,
                            "computed": true
                          },
                          "runtime_version": {
                            "type": "string",
                            "description": "Container Runtime Version",
                            "description_kind": "plain",
                            "optional": true,
                            "computed": true
                          },
                          "ssh_key_id": {
                            "type": "string",
                            "description": "SSH Key ID",
                            "description_kind": "plain",
                            "optional": true,
                            "computed": true
                          }
                        },
                        "block_types": {
                          "bbc_option": {
                            "nesting_mode": "list",
                            "block": {
                              "attributes": {
                                "raid_id": {
                                  "type": "string",
                                  "description": "Disk Raid ID",
                                  "description_kind": "plain",
                                  "optional": true,
                                  "computed": true
                                },
                                "reserve_data": {
                                  "type": "bool",
                                  "description": "Whether reserve data",
                                  "description_kind": "plain",
                                  "optional": true,
                                  "computed": true
                                },
                                "sys_disk_size": {
                                  "type": "number",
                                  "description": "System Disk Size",
                                  "description_kind": "plain",
                                  "optional": true,
                                  "computed": true
                                }
                              },
                              "description": "BBC Option",
                              "description_kind": "plain"
                            },
                            "max_items": 1
                          },
                          "delete_option": {
                            "nesting_mode": "list",
                            "block": {
                              "attributes": {
                                "delete_cds_snapshot": {
                                  "type": "bool",
                                  "description": "Whether delete CDS snapshot",
                                  "description_kind": "plain",
                                  "optional": true,
                                  "computed": true
                                },
                                "delete_resource": {
                                  "type": "bool",
                                  "description": "Whether delete resources",
                                  "description_kind": "plain",
                                  "optional": true,
                                  "computed": true
                                },
                                "move_out": {
                                  "type": "bool",
                                  "description": "Whether move out the instance",
                                  "description_kind": "plain",
                                  "optional": true,
                                  "computed": true
                                }
                              },
                              "description": "Delete Option",
                              "description_kind": "plain"
                            },
                            "max_items": 1
                          },
                          "deploy_custom_config": {
                            "nesting_mode": "list",
                            "block": {
                              "attributes": {
                                "enable_cordon": {
                                  "type": "bool",
                                  "description": "Whether enable cordon",
                                  "description_kind": "plain",
                                  "optional": true,
                                  "computed": true
                                },
                                "enable_resource_reserved": {
                                  "type": "bool",
                                  "description": "Whether to Enable Resource Quota",
                                  "description_kind": "plain",
                                  "optional": true,
                                  "computed": true
                                },
                                "kube_reserved": {
                                  "type": [
                                    "map",
                                    "string"
                                  ],
                                  "description": "Resource Quota",
                                  "description_kind": "plain",
                                  "optional": true,
                                  "computed": true
                                },
                                "kubelet_root_dir": {
                                  "type": "string",
                                  "description": "kubelet Data Directory",
                                  "description_kind": "plain",
                                  "optional": true,
                                  "computed": true
                                },
                                "post_user_script": {
                                  "type": "string",
                                  "description": "Script after deployment, base64 encoded",
                                  "description_kind": "plain",
                                  "optional": true,
                                  "computed": true
                                },
                                "pre_user_script": {
                                  "type": "string",
                                  "description": "Script before deployment, base64 encoded",
                                  "description_kind": "plain",
                                  "optional": true,
                                  "computed": true
                                }
                              },
                              "block_types": {
                                "docker_config": {
                                  "nesting_mode": "list",
                                  "block": {
                                    "attributes": {
                                      "bip": {
                                        "type": "string",
                                        "description": "docker0 Network Bridge Network Segment",
                                        "description_kind": "plain",
                                        "optional": true,
                                        "computed": true
                                      },
                                      "docker_data_root": {
                                        "type": "string",
                                        "description": "Customized Docker Data Directory",
                                        "description_kind": "plain",
                                        "optional": true,
                                        "computed": true
                                      },
                                      "docker_log_max_file": {
                                        "type": "string",
                                        "description": "docker Log Max File",
                                        "description_kind": "plain",
                                        "optional": true,
                                        "computed": true
                                      },
                                      "docker_log_max_size": {
                                        "type": "string",
                                        "description": "docker Log Max Size",
                                        "description_kind": "plain",
                                        "optional": true,
                                        "computed": true
                                      },
                                      "insecure_registries": {
                                        "type": [
                                          "list",
                                          "string"
                                        ],
                                        "description": "Customized InsecureRegistries",
                                        "description_kind": "plain",
                                        "optional": true,
                                        "computed": true
                                      },
                                      "registry_mirrors": {
                                        "type": [
                                          "list",
                                          "string"
                                        ],
                                        "description": "Customized RegistryMirrors",
                                        "description_kind": "plain",
                                        "optional": true,
                                        "computed": true
                                      }
                                    },
                                    "description": "Docker Config Info",
                                    "description_kind": "plain"
                                  },
                                  "max_items": 1
                                }
                              },
                              "description": "Deploy Custom Option",
                              "description_kind": "plain"
                            },
                            "max_items": 1
                          },
                          "eip_option": {
                            "nesting_mode": "list",
                            "block": {
                              "attributes": {
                                "eip_bandwidth": {
                                  "type": "number",
                                  "description": "EIP Bandwidth",
                                  "description_kind": "plain",
                                  "optional": true,
                                  "computed": true
                                },
                                "eip_charging_type": {
                                  "type": "string",
                                  "description": "EIP Charging Type. Available Value: [ByTraffic, ByBandwidth].",
                                  "description_kind": "plain",
                                  "optional": true,
                                  "computed": true
                                },
                                "eip_name": {
                                  "type": "string",
                                  "description": "EIP Name",
                                  "description_kind": "plain",
                                  "optional": true,
                                  "computed": true
                                }
                              },
                              "description": "EIP Option",
                              "description_kind": "plain"
                            },
                            "max_items": 1
                          },
                          "existed_option": {
                            "nesting_mode": "list",
                            "block": {
                              "attributes": {
                                "existed_instance_id": {
                                  "type": "string",
                                  "description": "Existed Instance ID",
                                  "description_kind": "plain",
                                  "optional": true,
                                  "computed": true
                                },
                                "rebuild": {
                                  "type": "bool",
                                  "description": "Whether re-install OS",
                                  "description_kind": "plain",
                                  "optional": true,
                                  "computed": true
                                }
                              },
                              "description": "Existed Instance Option",
                              "description_kind": "plain"
                            },
                            "max_items": 1
                          },
                          "instance_os": {
                            "nesting_mode": "list",
                            "block": {
                              "attributes": {
                                "image_name": {
                                  "type": "string",
                                  "description": "Image Name",
                                  "description_kind": "plain",
                                  "optional": true,
                                  "computed": true
                                },
                                "image_type": {
                                  "type": "string",
                                  "description": "Image type. Available Value: [Integration, System, All, Custom, Sharing, GpuBccSystem, GpuBccCustom, BbcSystem, BbcCustom].",
                                  "description_kind": "plain",
                                  "optional": true,
                                  "computed": true
                                },
                                "os_arch": {
                                  "type": "string",
                                  "description": "OS arch",
                                  "description_kind": "plain",
                                  "optional": true,
                                  "computed": true
                                },
                                "os_build": {
                                  "type": "string",
                                  "description": "OS Build Time",
                                  "description_kind": "plain",
                                  "optional": true,
                                  "computed": true
                                },
                                "os_name": {
                                  "type": "string",
                                  "description": "OS name. Available Value: [CentOS, Ubuntu, Windows Server, Debian, opensuse].",
                                  "description_kind": "plain",
                                  "optional": true,
                                  "computed": true
                                },
                                "os_type": {
                                  "type": "string",
                                  "description": "OS type. Available Value: [linux, windows].",
                                  "description_kind": "plain",
                                  "optional": true,
                                  "computed": true
                                },
                                "os_version": {
                                  "type": "string",
                                  "description": "OS version",
                                  "description_kind": "plain",
                                  "optional": true,
                                  "computed": true
                                }
                              },
                              "description": "OS Config of the instance",
                              "description_kind": "plain"
                            },
                            "max_items": 1
                          },
                          "instance_precharging_option": {
                            "nesting_mode": "list",
                            "block": {
                              "attributes": {
                                "auto_renew": {
                                  "type": "bool",
                                  "description": "Is Auto Renew",
                                  "description_kind": "plain",
                                  "optional": true,
                                  "computed": true
                                },
                                "auto_renew_time": {
                                  "type": "number",
                                  "description": "Number of time unit for auto renew",
                                  "description_kind": "plain",
                                  "optional": true,
                                  "computed": true
                                },
                                "auto_renew_time_unit": {
                                  "type": "string",
                                  "description": "Time unit for auto renew",
                                  "description_kind": "plain",
                                  "optional": true,
                                  "computed": true
                                },
                                "purchase_time": {
                                  "type": "number",
                                  "description": "Time of purchase",
                                  "description_kind": "plain",
                                  "optional": true,
                                  "computed": true
                                }
                              },
                              "description": "Instance Pre-charging Option",
                              "description_kind": "plain"
                            },
                            "max_items": 1
                          },
                          "instance_resource": {
                            "nesting_mode": "list",
                            "block": {
                              "attributes": {
                                "cpu": {
                                  "type": "number",
                                  "description": "CPU cores",
                                  "description_kind": "plain",
                                  "optional": true,
                                  "computed": true
                                },
                                "gpu_count": {
                                  "type": "number",
                                  "description": "GPU Number",
                                  "description_kind": "plain",
                                  "optional": true,
                                  "computed": true
                                },
                                "gpu_type": {
                                  "type": "string",
                                  "description": "GPU Type. Available Value: [V100-32, V100-16, P40, P4, K40, DLCard].",
                                  "description_kind": "plain",
                                  "optional": true,
                                  "computed": true
                                },
                                "local_disk_size": {
                                  "type": "number",
                                  "description": "Local disk size",
                                  "description_kind": "plain",
                                  "optional": true,
                                  "computed": true
                                },
                                "mem": {
                                  "type": "number",
                                  "description": "memory GB",
                                  "description_kind": "plain",
                                  "optional": true,
                                  "computed": true
                                },
                                "node_cpu_quota": {
                                  "type": "number",
                                  "description": "Node cpu quota",
                                  "description_kind": "plain",
                                  "optional": true,
                                  "computed": true
                                },
                                "node_mem_quota": {
                                  "type": "number",
                                  "description": "Node memory quota",
                                  "description_kind": "plain",
                                  "optional": true,
                                  "computed": true
                                },
                                "root_disk_size": {
                                  "type": "number",
                                  "description": "Root disk size",
                                  "description_kind": "plain",
                                  "optional": true,
                                  "computed": true
                                },
                                "root_disk_type": {
                                  "type": "string",
                                  "description": "Root disk type. Available Value: [std1, hp1, cloud_hp1, local, sata, ssd, hdd].",
                                  "description_kind": "plain",
                                  "optional": true,
                                  "computed": true
                                }
                              },
                              "block_types": {
                                "cds_list": {
                                  "nesting_mode": "list",
                                  "block": {
                                    "attributes": {
                                      "cds_size": {
                                        "type": "number",
                                        "description": "CDS Size",
                                        "description_kind": "plain",
                                        "optional": true,
                                        "computed": true
                                      },
                                      "path": {
                                        "type": "string",
                                        "description": "CDS path",
                                        "description_kind": "plain",
                                        "optional": true,
                                        "computed": true
                                      },
                                      "snapshot_id": {
                                        "type": "string",
                                        "description": "Snap shot ID",
                                        "description_kind": "plain",
                                        "optional": true,
                                        "computed": true
                                      },
                                      "storage_type": {
                                        "type": "string",
                                        "description": "Storage Type. Available Value: [std1, hp1, cloud_hp1, local, sata, ssd, hdd].",
                                        "description_kind": "plain",
                                        "optional": true,
                                        "computed": true
                                      }
                                    },
                                    "description": "CDS List",
                                    "description_kind": "plain"
                                  }
                                }
                              },
                              "description": "Instance Resource Config",
                              "description_kind": "plain"
                            },
                            "max_items": 1
                          },
                          "instance_taints": {
                            "nesting_mode": "list",
                            "block": {
                              "attributes": {
                                "effect": {
                                  "type": "string",
                                  "description": "Taint Effect. Available Value: [NoSchedule, PreferNoSchedule, NoExecute].",
                                  "description_kind": "plain",
                                  "optional": true,
                                  "computed": true
                                },
                                "key": {
                                  "type": "string",
                                  "description": "Taint Key",
                                  "description_kind": "plain",
                                  "optional": true,
                                  "computed": true
                                },
                                "time_added": {
                                  "type": "string",
                                  "description": "Taint Added Time. Format RFC3339",
                                  "description_kind": "plain",
                                  "optional": true,
                                  "computed": true
                                },
                                "value": {
                                  "type": "string",
                                  "description": "Taint Value",
                                  "description_kind": "plain",
                                  "optional": true,
                                  "computed": true
                                }
                              },
                              "description": "Taint List",
                              "description_kind": "plain"
                            }
                          },
                          "tag_list": {
                            "nesting_mode": "list",
                            "block": {
                              "attributes": {
                                "tag_key": {
                                  "type": "string",
                                  "description": "Tag Key",
                                  "description_kind": "plain",
                                  "optional": true,
                                  "computed": true
                                },
                                "tag_value": {
                                  "type": "string",
                                  "description": "Tag Value",
                                  "description_kind": "plain",
                                  "optional": true,
                                  "computed": true
                                }
                              },
                              "description": "Tag List",
                              "description_kind": "plain"
                            }
                          },
                          "vpc_config": {
                            "nesting_mode": "list",
                            "block": {
                              "attributes": {
                                "available_zone": {
                                  "type": "string",
                                  "description": "Available Zone. Available Value: [zoneA, zoneB, zoneC, zoneD, zoneE, zoneF].",
                                  "description_kind": "plain",
                                  "optional": true,
                                  "computed": true
                                },
                                "security_group_id": {
                                  "type": "string",
                                  "description": "Security Group ID",
                                  "description_kind": "plain",
                                  "optional": true,
                                  "computed": true
                                },
                                "vpc_id": {
                                  "type": "string",
                                  "description": "VPC ID",
                                  "description_kind": "plain",
                                  "optional": true,
                                  "computed": true
                                },
                                "vpc_subnet_cidr": {
                                  "type": "string",
                                  "description": "VPC Subnet CIDR",
                                  "description_kind": "plain",
                                  "optional": true,
                                  "computed": true
                                },
                                "vpc_subnet_cidr_ipv6": {
                                  "type": "string",
                                  "description": "VPC Sunbet CIDR IPv6",
                                  "description_kind": "plain",
                                  "optional": true,
                                  "computed": true
                                },
                                "vpc_subnet_id": {
                                  "type": "string",
                                  "description": "VPC Subnet ID",
                                  "description_kind": "plain",
                                  "optional": true,
                                  "computed": true
                                },
                                "vpc_subnet_type": {
                                  "type": "string",
                                  "description": "VPC Subnet type. Available Value: [BCC, BCC_NAT, BBC].",
                                  "description_kind": "plain",
                                  "optional": true,
                                  "computed": true
                                }
                              },
                              "description": "VPC Config",
                              "description_kind": "plain"
                            },
                            "max_items": 1
                          }
                        },
                        "description": "Count of this type master",
                        "description_kind": "plain"
                      },
                      "min_items": 1,
                      "max_items": 1
                    }
                  },
                  "description": "Specification of master nodes cluster",
                  "description_kind": "plain"
                }
              },
              "timeouts": {
                "nesting_mode": "single",
                "block": {
                  "attributes": {
                    "create": {
                      "type": "string",
                      "description_kind": "plain",
                      "optional": true
                    },
                    "delete": {
                      "type": "string",
                      "description_kind": "plain",
                      "optional": true
                    },
                    "update": {
                      "type": "string",
                      "description_kind": "plain",
                      "optional": true
                    }
                  },
                  "description_kind": "plain"
                }
              }
            },
            "description_kind": "plain"
          }
        },
        "baiducloud_ccev2_instance": {
          "version": 0,
          "block": {
            "attributes": {
              "cluster_id": {
                "type": "string",
                "description": "Cluster ID of this Instance.",
                "description_kind": "plain",
                "required": true
              },
              "id": {
                "type": "string",
                "description_kind": "plain",
                "optional": true,
                "computed": true
              },
              "instance_id": {
                "type": "string",
                "description": "Cluster ID of this Instance.",
                "description_kind": "plain",
                "required": true
              }
            },
            "block_types": {
              "spec": {
                "nesting_mode": "list",
                "block": {
                  "attributes": {
                    "cce_instance_priority": {
                      "type": "number",
                      "description": "Priority of this instance.",
                      "description_kind": "plain",
                      "optional": true
                    }
                  },
                  "description": "Instance Spec",
                  "description_kind": "plain"
                },
                "min_items": 1,
                "max_items": 1
              },
              "timeouts": {
                "nesting_mode": "single",
                "block": {
                  "attributes": {
                    "create": {
                      "type": "string",
                      "description_kind": "plain",
                      "optional": true
                    },
                    "delete": {
                      "type": "string",
                      "description_kind": "plain",
                      "optional": true
                    },
                    "update": {
                      "type": "string",
                      "description_kind": "plain",
                      "optional": true
                    }
                  },
                  "description_kind": "plain"
                }
              }
            },
            "description_kind": "plain"
          }
        },
        "baiducloud_ccev2_instance_group": {
          "version": 0,
          "block": {
            "attributes": {
              "id": {
                "type": "string",
                "description_kind": "plain",
                "optional": true,
                "computed": true
              },
              "nodes": {
                "type": [
                  "list",
                  [
                    "object",
                    {
                      "created_at": "string",
                      "instance_spec": [
                        "list",
                        [
                          "object",
                          {
                            "admin_password": "string",
                            "bbc_option": [
                              "list",
                              [
                                "object",
                                {
                                  "raid_id": "string",
                                  "reserve_data": "bool",
                                  "sys_disk_size": "number"
                                }
                              ]
                            ],
                            "cce_instance_id": "string",
                            "cce_instance_priority": "number",
                            "cluster_id": "string",
                            "cluster_role": "string",
                            "delete_option": [
                              "list",
                              [
                                "object",
                                {
                                  "delete_cds_snapshot": "bool",
                                  "delete_resource": "bool",
                                  "move_out": "bool"
                                }
                              ]
                            ],
                            "deploy_custom_config": [
                              "list",
                              [
                                "object",
                                {
                                  "docker_config": [
                                    "list",
                                    [
                                      "object",
                                      {
                                        "bip": "string",
                                        "docker_data_root": "string",
                                        "docker_log_max_file": "string",
                                        "docker_log_max_size": "string",
                                        "insecure_registries": [
                                          "list",
                                          "string"
                                        ],
                                        "registry_mirrors": [
                                          "list",
                                          "string"
                                        ]
                                      }
                                    ]
                                  ],
                                  "enable_cordon": "bool",
                                  "enable_resource_reserved": "bool",
                                  "kube_reserved": [
                                    "map",
                                    "string"
                                  ],
                                  "kubelet_root_dir": "string",
                                  "post_user_script": "string",
                                  "pre_user_script": "string"
                                }
                              ]
                            ],
                            "eip_option": [
                              "list",
                              [
                                "object",
                                {
                                  "eip_bandwidth": "number",
                                  "eip_charging_type": "string",
                                  "eip_name": "string"
                                }
                              ]
                            ],
                            "existed": "bool",
                            "existed_option": [
                              "list",
                              [
                                "object",
                                {
                                  "existed_instance_id": "string",
                                  "rebuild": "bool"
                                }
                              ]
                            ],
                            "image_id": "string",
                            "instance_charging_type": "string",
                            "instance_group_id": "string",
                            "instance_group_name": "string",
                            "instance_name": "string",
                            "instance_os": [
                              "list",
                              [
                                "object",
                                {
                                  "image_name": "string",
                                  "image_type": "string",
                                  "os_arch": "string",
                                  "os_build": "string",
                                  "os_name": "string",
                                  "os_type": "string",
                                  "os_version": "string"
                                }
                              ]
                            ],
                            "instance_precharging_option": [
                              "list",
                              [
                                "object",
                                {
                                  "auto_renew": "bool",
                                  "auto_renew_time": "number",
                                  "auto_renew_time_unit": "string",
                                  "purchase_time": "number"
                                }
                              ]
                            ],
                            "instance_resource": [
                              "list",
                              [
                                "object",
                                {
                                  "cds_list": [
                                    "list",
                                    [
                                      "object",
                                      {
                                        "cds_size": "number",
                                        "path": "string",
                                        "snapshot_id": "string",
                                        "storage_type": "string"
                                      }
                                    ]
                                  ],
                                  "cpu": "number",
                                  "gpu_count": "number",
                                  "gpu_type": "string",
                                  "local_disk_size": "number",
                                  "mem": "number",
                                  "node_cpu_quota": "number",
                                  "node_mem_quota": "number",
                                  "root_disk_size": "number",
                                  "root_disk_type": "string"
                                }
                              ]
                            ],
                            "instance_taints": [
                              "list",
                              [
                                "object",
                                {
                                  "effect": "string",
                                  "key": "string",
                                  "time_added": "string",
                                  "value": "string"
                                }
                              ]
                            ],
                            "instance_type": "string",
                            "labels": [
                              "map",
                              "string"
                            ],
                            "machine_type": "string",
                            "master_type": "string",
                            "need_eip": "bool",
                            "runtime_type": "string",
                            "runtime_version": "string",
                            "ssh_key_id": "string",
                            "tag_list": [
                              "list",
                              [
                                "object",
                                {
                                  "tag_key": "string",
                                  "tag_value": "string"
                                }
                              ]
                            ],
                            "vpc_config": [
                              "list",
                              [
                                "object",
                                {
                                  "available_zone": "string",
                                  "security_group_id": "string",
                                  "vpc_id": "string",
                                  "vpc_subnet_cidr": "string",
                                  "vpc_subnet_cidr_ipv6": "string",
                                  "vpc_subnet_id": "string",
                                  "vpc_subnet_type": "string"
                                }
                              ]
                            ]
                          }
                        ]
                      ],
                      "instance_status": [
                        "list",
                        [
                          "object",
                          {
                            "instance_phase": "string",
                            "machine": [
                              "list",
                              [
                                "object",
                                {
                                  "eip": "string",
                                  "instance_id": "string",
                                  "mount_list": [
                                    "list",
                                    [
                                      "object",
                                      {
                                        "cds_id": "string",
                                        "cds_size": "number",
                                        "device": "string",
                                        "path": "string",
                                        "storage_type": "string"
                                      }
                                    ]
                                  ],
                                  "order_id": "string",
                                  "vpc_ip": "string",
                                  "vpc_ip_ipv6": "string"
                                }
                              ]
                            ],
                            "machine_status": "string"
                          }
                        ]
                      ],
                      "updated_at": "string"
                    }
                  ]
                ],
                "description": "All detail info of nodes in this instance group",
                "description_kind": "plain",
                "computed": true
              },
              "status": {
                "type": [
                  "list",
                  [
                    "object",
                    {
                      "ready_replicas": "number"
                    }
                  ]
                ],
                "description": "Instance Group Status",
                "description_kind": "plain",
                "computed": true
              }
            },
            "block_types": {
              "spec": {
                "nesting_mode": "list",
                "block": {
                  "attributes": {
                    "cluster_id": {
                      "type": "string",
                      "description": "Cluster ID of Instance Group",
                      "description_kind": "plain",
                      "required": true
                    },
                    "instance_group_name": {
                      "type": "string",
                      "description": "Name of Instance Group",
                      "description_kind": "plain",
                      "required": true
                    },
                    "replicas": {
                      "type": "number",
                      "description": "Number of instances in this Instance Group",
                      "description_kind": "plain",
                      "required": true
                    }
                  },
                  "block_types": {
                    "instance_template": {
                      "nesting_mode": "list",
                      "block": {
                        "attributes": {
                          "admin_password": {
                            "type": "string",
                            "description": "Admin Password",
                            "description_kind": "plain",
                            "optional": true,
                            "computed": true
                          },
                          "cce_instance_id": {
                            "type": "string",
                            "description": "Instance ID",
                            "description_kind": "plain",
                            "optional": true,
                            "computed": true
                          },
                          "cce_instance_priority": {
                            "type": "number",
                            "description": "Priority of this instance.",
                            "description_kind": "plain",
                            "computed": true
                          },
                          "cluster_id": {
                            "type": "string",
                            "description": "Cluster ID of this Instance",
                            "description_kind": "plain",
                            "optional": true,
                            "computed": true
                          },
                          "cluster_role": {
                            "type": "string",
                            "description": "Cluster Role of Instance, Master or Nodes. Available Value: [master, node].",
                            "description_kind": "plain",
                            "optional": true,
                            "computed": true
                          },
                          "existed": {
                            "type": "bool",
                            "description": "Is the instance existed",
                            "description_kind": "plain",
                            "optional": true,
                            "computed": true
                          },
                          "image_id": {
                            "type": "string",
                            "description": "Image ID",
                            "description_kind": "plain",
                            "optional": true,
                            "computed": true
                          },
                          "instance_charging_type": {
                            "type": "string",
                            "description": "Instance charging type. Available Value: [Prepaid, Postpaid, bidding].",
                            "description_kind": "plain",
                            "optional": true,
                            "computed": true
                          },
                          "instance_group_id": {
                            "type": "string",
                            "description": "Instance Group ID of this Instance",
                            "description_kind": "plain",
                            "optional": true,
                            "computed": true
                          },
                          "instance_group_name": {
                            "type": "string",
                            "description": "Name of Instance Group",
                            "description_kind": "plain",
                            "optional": true,
                            "computed": true
                          },
                          "instance_name": {
                            "type": "string",
                            "description": "Instance Name",
                            "description_kind": "plain",
                            "optional": true,
                            "computed": true
                          },
                          "instance_type": {
                            "type": "string",
                            "description": "Instance Type Available Value: [N1, N2, N3, N4, N5, C1, C2, S1, G1, F1].",
                            "description_kind": "plain",
                            "optional": true,
                            "computed": true
                          },
                          "labels": {
                            "type": [
                              "map",
                              "string"
                            ],
                            "description": "Labels List",
                            "description_kind": "plain",
                            "optional": true,
                            "computed": true
                          },
                          "machine_type": {
                            "type": "string",
                            "description": "Machine Type. Available Value: [BCC, BBC, Metal].",
                            "description_kind": "plain",
                            "optional": true,
                            "computed": true
                          },
                          "master_type": {
                            "type": "string",
                            "description": "Master Type. Available Value: [managed, custom, serverless].",
                            "description_kind": "plain",
                            "optional": true,
                            "computed": true
                          },
                          "need_eip": {
                            "type": "bool",
                            "description": "Whether the instance need a EIP",
                            "description_kind": "plain",
                            "optional": true,
                            "computed": true
                          },
                          "runtime_type": {
                            "type": "string",
                            "description": "Container Runtime Type. Available Value: [docker].",
                            "description_kind": "plain",
                            "optional": true,
                            "computed": true
                          },
                          "runtime_version": {
                            "type": "string",
                            "description": "Container Runtime Version",
                            "description_kind": "plain",
                            "optional": true,
                            "computed": true
                          },
                          "ssh_key_id": {
                            "type": "string",
                            "description": "SSH Key ID",
                            "description_kind": "plain",
                            "optional": true,
                            "computed": true
                          }
                        },
                        "block_types": {
                          "bbc_option": {
                            "nesting_mode": "list",
                            "block": {
                              "attributes": {
                                "raid_id": {
                                  "type": "string",
                                  "description": "Disk Raid ID",
                                  "description_kind": "plain",
                                  "optional": true,
                                  "computed": true
                                },
                                "reserve_data": {
                                  "type": "bool",
                                  "description": "Whether reserve data",
                                  "description_kind": "plain",
                                  "optional": true,
                                  "computed": true
                                },
                                "sys_disk_size": {
                                  "type": "number",
                                  "description": "System Disk Size",
                                  "description_kind": "plain",
                                  "optional": true,
                                  "computed": true
                                }
                              },
                              "description": "BBC Option",
                              "description_kind": "plain"
                            },
                            "max_items": 1
                          },
                          "delete_option": {
                            "nesting_mode": "list",
                            "block": {
                              "attributes": {
                                "delete_cds_snapshot": {
                                  "type": "bool",
                                  "description": "Whether delete CDS snapshot",
                                  "description_kind": "plain",
                                  "optional": true,
                                  "computed": true
                                },
                                "delete_resource": {
                                  "type": "bool",
                                  "description": "Whether delete resources",
                                  "description_kind": "plain",
                                  "optional": true,
                                  "computed": true
                                },
                                "move_out": {
                                  "type": "bool",
                                  "description": "Whether move out the instance",
                                  "description_kind": "plain",
                                  "optional": true,
                                  "computed": true
                                }
                              },
                              "description": "Delete Option",
                              "description_kind": "plain"
                            },
                            "max_items": 1
                          },
                          "deploy_custom_config": {
                            "nesting_mode": "list",
                            "block": {
                              "attributes": {
                                "enable_cordon": {
                                  "type": "bool",
                                  "description": "Whether enable cordon",
                                  "description_kind": "plain",
                                  "optional": true,
                                  "computed": true
                                },
                                "enable_resource_reserved": {
                                  "type": "bool",
                                  "description": "Whether to Enable Resource Quota",
                                  "description_kind": "plain",
                                  "optional": true,
                                  "computed": true
                                },
                                "kube_reserved": {
                                  "type": [
                                    "map",
                                    "string"
                                  ],
                                  "description": "Resource Quota",
                                  "description_kind": "plain",
                                  "optional": true,
                                  "computed": true
                                },
                                "kubelet_root_dir": {
                                  "type": "string",
                                  "description": "kubelet Data Directory",
                                  "description_kind": "plain",
                                  "optional": true,
                                  "computed": true
                                },
                                "post_user_script": {
                                  "type": "string",
                                  "description": "Script after deployment, base64 encoded",
                                  "description_kind": "plain",
                                  "optional": true,
                                  "computed": true
                                },
                                "pre_user_script": {
                                  "type": "string",
                                  "description": "Script before deployment, base64 encoded",
                                  "description_kind": "plain",
                                  "optional": true,
                                  "computed": true
                                }
                              },
                              "block_types": {
                                "docker_config": {
                                  "nesting_mode": "list",
                                  "block": {
                                    "attributes": {
                                      "bip": {
                                        "type": "string",
                                        "description": "docker0 Network Bridge Network Segment",
                                        "description_kind": "plain",
                                        "optional": true,
                                        "computed": true
                                      },
                                      "docker_data_root": {
                                        "type": "string",
                                        "description": "Customized Docker Data Directory",
                                        "description_kind": "plain",
                                        "optional": true,
                                        "computed": true
                                      },
                                      "docker_log_max_file": {
                                        "type": "string",
                                        "description": "docker Log Max File",
                                        "description_kind": "plain",
                                        "optional": true,
                                        "computed": true
                                      },
                                      "docker_log_max_size": {
                                        "type": "string",
                                        "description": "docker Log Max Size",
                                        "description_kind": "plain",
                                        "optional": true,
                                        "computed": true
                                      },
                                      "insecure_registries": {
                                        "type": [
                                          "list",
                                          "string"
                                        ],
                                        "description": "Customized InsecureRegistries",
                                        "description_kind": "plain",
                                        "optional": true,
                                        "computed": true
                                      },
                                      "registry_mirrors": {
                                        "type": [
                                          "list",
                                          "string"
                                        ],
                                        "description": "Customized RegistryMirrors",
                                        "description_kind": "plain",
                                        "optional": true,
                                        "computed": true
                                      }
                                    },
                                    "description": "Docker Config Info",
                                    "description_kind": "plain"
                                  },
                                  "max_items": 1
                                }
                              },
                              "description": "Deploy Custom Option",
                              "description_kind": "plain"
                            },
                            "max_items": 1
                          },
                          "eip_option": {
                            "nesting_mode": "list",
                            "block": {
                              "attributes": {
                                "eip_bandwidth": {
                                  "type": "number",
                                  "description": "EIP Bandwidth",
                                  "description_kind": "plain",
                                  "optional": true,
                                  "computed": true
                                },
                                "eip_charging_type": {
                                  "type": "string",
                                  "description": "EIP Charging Type. Available Value: [ByTraffic, ByBandwidth].",
                                  "description_kind": "plain",
                                  "optional": true,
                                  "computed": true
                                },
                                "eip_name": {
                                  "type": "string",
                                  "description": "EIP Name",
                                  "description_kind": "plain",
                                  "optional": true,
                                  "computed": true
                                }
                              },
                              "description": "EIP Option",
                              "description_kind": "plain"
                            },
                            "max_items": 1
                          },
                          "existed_option": {
                            "nesting_mode": "list",
                            "block": {
                              "attributes": {
                                "existed_instance_id": {
                                  "type": "string",
                                  "description": "Existed Instance ID",
                                  "description_kind": "plain",
                                  "optional": true,
                                  "computed": true
                                },
                                "rebuild": {
                                  "type": "bool",
                                  "description": "Whether re-install OS",
                                  "description_kind": "plain",
                                  "optional": true,
                                  "computed": true
                                }
                              },
                              "description": "Existed Instance Option",
                              "description_kind": "plain"
                            },
                            "max_items": 1
                          },
                          "instance_os": {
                            "nesting_mode": "list",
                            "block": {
                              "attributes": {
                                "image_name": {
                                  "type": "string",
                                  "description": "Image Name",
                                  "description_kind": "plain",
                                  "optional": true,
                                  "computed": true
                                },
                                "image_type": {
                                  "type": "string",
                                  "description": "Image type. Available Value: [Integration, System, All, Custom, Sharing, GpuBccSystem, GpuBccCustom, BbcSystem, BbcCustom].",
                                  "description_kind": "plain",
                                  "optional": true,
                                  "computed": true
                                },
                                "os_arch": {
                                  "type": "string",
                                  "description": "OS arch",
                                  "description_kind": "plain",
                                  "optional": true,
                                  "computed": true
                                },
                                "os_build": {
                                  "type": "string",
                                  "description": "OS Build Time",
                                  "description_kind": "plain",
                                  "optional": true,
                                  "computed": true
                                },
                                "os_name": {
                                  "type": "string",
                                  "description": "OS name. Available Value: [CentOS, Ubuntu, Windows Server, Debian, opensuse].",
                                  "description_kind": "plain",
                                  "optional": true,
                                  "computed": true
                                },
                                "os_type": {
                                  "type": "string",
                                  "description": "OS type. Available Value: [linux, windows].",
                                  "description_kind": "plain",
                                  "optional": true,
                                  "computed": true
                                },
                                "os_version": {
                                  "type": "string",
                                  "description": "OS version",
                                  "description_kind": "plain",
                                  "optional": true,
                                  "computed": true
                                }
                              },
                              "description": "OS Config of the instance",
                              "description_kind": "plain"
                            },
                            "max_items": 1
                          },
                          "instance_precharging_option": {
                            "nesting_mode": "list",
                            "block": {
                              "attributes": {
                                "auto_renew": {
                                  "type": "bool",
                                  "description": "Is Auto Renew",
                                  "description_kind": "plain",
                                  "optional": true,
                                  "computed": true
                                },
                                "auto_renew_time": {
                                  "type": "number",
                                  "description": "Number of time unit for auto renew",
                                  "description_kind": "plain",
                                  "optional": true,
                                  "computed": true
                                },
                                "auto_renew_time_unit": {
                                  "type": "string",
                                  "description": "Time unit for auto renew",
                                  "description_kind": "plain",
                                  "optional": true,
                                  "computed": true
                                },
                                "purchase_time": {
                                  "type": "number",
                                  "description": "Time of purchase",
                                  "description_kind": "plain",
                                  "optional": true,
                                  "computed": true
                                }
                              },
                              "description": "Instance Pre-charging Option",
                              "description_kind": "plain"
                            },
                            "max_items": 1
                          },
                          "instance_resource": {
                            "nesting_mode": "list",
                            "block": {
                              "attributes": {
                                "cpu": {
                                  "type": "number",
                                  "description": "CPU cores",
                                  "description_kind": "plain",
                                  "optional": true,
                                  "computed": true
                                },
                                "gpu_count": {
                                  "type": "number",
                                  "description": "GPU Number",
                                  "description_kind": "plain",
                                  "optional": true,
                                  "computed": true
                                },
                                "gpu_type": {
                                  "type": "string",
                                  "description": "GPU Type. Available Value: [V100-32, V100-16, P40, P4, K40, DLCard].",
                                  "description_kind": "plain",
                                  "optional": true,
                                  "computed": true
                                },
                                "local_disk_size": {
                                  "type": "number",
                                  "description": "Local disk size",
                                  "description_kind": "plain",
                                  "optional": true,
                                  "computed": true
                                },
                                "mem": {
                                  "type": "number",
                                  "description": "memory GB",
                                  "description_kind": "plain",
                                  "optional": true,
                                  "computed": true
                                },
                                "node_cpu_quota": {
                                  "type": "number",
                                  "description": "Node cpu quota",
                                  "description_kind": "plain",
                                  "optional": true,
                                  "computed": true
                                },
                                "node_mem_quota": {
                                  "type": "number",
                                  "description": "Node memory quota",
                                  "description_kind": "plain",
                                  "optional": true,
                                  "computed": true
                                },
                                "root_disk_size": {
                                  "type": "number",
                                  "description": "Root disk size",
                                  "description_kind": "plain",
                                  "optional": true,
                                  "computed": true
                                },
                                "root_disk_type": {
                                  "type": "string",
                                  "description": "Root disk type. Available Value: [std1, hp1, cloud_hp1, local, sata, ssd, hdd].",
                                  "description_kind": "plain",
                                  "optional": true,
                                  "computed": true
                                }
                              },
                              "block_types": {
                                "cds_list": {
                                  "nesting_mode": "list",
                                  "block": {
                                    "attributes": {
                                      "cds_size": {
                                        "type": "number",
                                        "description": "CDS Size",
                                        "description_kind": "plain",
                                        "optional": true,
                                        "computed": true
                                      },
                                      "path": {
                                        "type": "string",
                                        "description": "CDS path",
                                        "description_kind": "plain",
                                        "optional": true,
                                        "computed": true
                                      },
                                      "snapshot_id": {
                                        "type": "string",
                                        "description": "Snap shot ID",
                                        "description_kind": "plain",
                                        "optional": true,
                                        "computed": true
                                      },
                                      "storage_type": {
                                        "type": "string",
                                        "description": "Storage Type. Available Value: [std1, hp1, cloud_hp1, local, sata, ssd, hdd].",
                                        "description_kind": "plain",
                                        "optional": true,
                                        "computed": true
                                      }
                                    },
                                    "description": "CDS List",
                                    "description_kind": "plain"
                                  }
                                }
                              },
                              "description": "Instance Resource Config",
                              "description_kind": "plain"
                            },
                            "max_items": 1
                          },
                          "instance_taints": {
                            "nesting_mode": "list",
                            "block": {
                              "attributes": {
                                "effect": {
                                  "type": "string",
                                  "description": "Taint Effect. Available Value: [NoSchedule, PreferNoSchedule, NoExecute].",
                                  "description_kind": "plain",
                                  "optional": true,
                                  "computed": true
                                },
                                "key": {
                                  "type": "string",
                                  "description": "Taint Key",
                                  "description_kind": "plain",
                                  "optional": true,
                                  "computed": true
                                },
                                "time_added": {
                                  "type": "string",
                                  "description": "Taint Added Time. Format RFC3339",
                                  "description_kind": "plain",
                                  "optional": true,
                                  "computed": true
                                },
                                "value": {
                                  "type": "string",
                                  "description": "Taint Value",
                                  "description_kind": "plain",
                                  "optional": true,
                                  "computed": true
                                }
                              },
                              "description": "Taint List",
                              "description_kind": "plain"
                            }
                          },
                          "tag_list": {
                            "nesting_mode": "list",
                            "block": {
                              "attributes": {
                                "tag_key": {
                                  "type": "string",
                                  "description": "Tag Key",
                                  "description_kind": "plain",
                                  "optional": true,
                                  "computed": true
                                },
                                "tag_value": {
                                  "type": "string",
                                  "description": "Tag Value",
                                  "description_kind": "plain",
                                  "optional": true,
                                  "computed": true
                                }
                              },
                              "description": "Tag List",
                              "description_kind": "plain"
                            }
                          },
                          "vpc_config": {
                            "nesting_mode": "list",
                            "block": {
                              "attributes": {
                                "available_zone": {
                                  "type": "string",
                                  "description": "Available Zone. Available Value: [zoneA, zoneB, zoneC, zoneD, zoneE, zoneF].",
                                  "description_kind": "plain",
                                  "optional": true,
                                  "computed": true
                                },
                                "security_group_id": {
                                  "type": "string",
                                  "description": "Security Group ID",
                                  "description_kind": "plain",
                                  "optional": true,
                                  "computed": true
                                },
                                "vpc_id": {
                                  "type": "string",
                                  "description": "VPC ID",
                                  "description_kind": "plain",
                                  "optional": true,
                                  "computed": true
                                },
                                "vpc_subnet_cidr": {
                                  "type": "string",
                                  "description": "VPC Subnet CIDR",
                                  "description_kind": "plain",
                                  "optional": true,
                                  "computed": true
                                },
                                "vpc_subnet_cidr_ipv6": {
                                  "type": "string",
                                  "description": "VPC Sunbet CIDR IPv6",
                                  "description_kind": "plain",
                                  "optional": true,
                                  "computed": true
                                },
                                "vpc_subnet_id": {
                                  "type": "string",
                                  "description": "VPC Subnet ID",
                                  "description_kind": "plain",
                                  "optional": true,
                                  "computed": true
                                },
                                "vpc_subnet_type": {
                                  "type": "string",
                                  "description": "VPC Subnet type. Available Value: [BCC, BCC_NAT, BBC].",
                                  "description_kind": "plain",
                                  "optional": true,
                                  "computed": true
                                }
                              },
                              "description": "VPC Config",
                              "description_kind": "plain"
                            },
                            "max_items": 1
                          }
                        },
                        "description": "Instance Spec of Instances in this Instance Group ",
                        "description_kind": "plain"
                      },
                      "min_items": 1,
                      "max_items": 1
                    }
                  },
                  "description": "Instance Group Spec",
                  "description_kind": "plain"
                },
                "min_items": 1,
                "max_items": 1
              },
              "timeouts": {
                "nesting_mode": "single",
                "block": {
                  "attributes": {
                    "create": {
                      "type": "string",
                      "description_kind": "plain",
                      "optional": true
                    },
                    "delete": {
                      "type": "string",
                      "description_kind": "plain",
                      "optional": true
                    },
                    "update": {
                      "type": "string",
                      "description_kind": "plain",
                      "optional": true
                    }
                  },
                  "description_kind": "plain"
                }
              }
            },
            "description_kind": "plain"
          }
        },
        "baiducloud_cdn_domain": {
          "version": 0,
          "block": {
            "attributes": {
              "cname": {
                "type": "string",
                "description": "CNAME address of the acceleration domain.",
                "description_kind": "plain",
                "computed": true
              },
              "create_time": {
                "type": "string",
                "description": "Creation time of the acceleration domain.",
                "description_kind": "plain",
                "computed": true
              },
              "default_host": {
                "type": "string",
                "description": "Domain-level host. Priority is lower than origin server host(ie origin.host).",
                "description_kind": "plain",
                "optional": true
              },
              "domain": {
                "type": "string",
                "description": "Name of the acceleration domain.",
                "description_kind": "plain",
                "required": true
              },
              "form": {
                "type": "string",
                "description": "Business type of the domain name. Defaults to `default`. Valid values: `image`(small image file), `download`(large file downloading), `media` (streaming media on demand), `dynamic`(dynamic and static acceleration).",
                "description_kind": "plain",
                "optional": true
              },
              "id": {
                "type": "string",
                "description_kind": "plain",
                "optional": true,
                "computed": true
              },
              "is_ban": {
                "type": "string",
                "description": "Whether the acceleration domain is blocked. `YES` means blocked, and `NO` means not blocked.",
                "description_kind": "plain",
                "computed": true
              },
              "last_modify_time": {
                "type": "string",
                "description": "Latest modification time of the acceleration domain.",
                "description_kind": "plain",
                "computed": true
              },
              "status": {
                "type": "string",
                "description": "Status of the domain name. Possible values: `RUNNING`,`OPERATING`, `STOPPED`.",
                "description_kind": "plain",
                "computed": true
              }
            },
            "block_types": {
              "origin": {
                "nesting_mode": "list",
                "block": {
                  "attributes": {
                    "backup": {
                      "type": "bool",
                      "description": "Whether is a backup origin server. Defaults to `false`.",
                      "description_kind": "plain",
                      "optional": true
                    },
                    "host": {
                      "type": "string",
                      "description": "The host value used when forwarding to origin server",
                      "description_kind": "plain",
                      "optional": true
                    },
                    "isp": {
                      "type": "string",
                      "description": "ISP of the origin server. Valid values: `un`(China Unicom), `ct`(China Telecom), `cm`(China Mobile)",
                      "description_kind": "plain",
                      "optional": true
                    },
                    "peer": {
                      "type": "string",
                      "description": "Format is {protocol://}{address}{:port}. `protocol` is optional, and valid values: `http`, `https`. `address` must be ip address or domain name. IPv6 address must be in '[ipv6]' format. `port` is optional.",
                      "description_kind": "plain",
                      "required": true
                    },
                    "weight": {
                      "type": "number",
                      "description": "The origin server weight. Must be between `1` and `100`. Sum of all weights should not be greater than 100. No effect when `peer` is domain name.",
                      "description_kind": "plain",
                      "optional": true
                    }
                  },
                  "description": "Origin server configuration of the acceleration domain.",
                  "description_kind": "plain"
                },
                "min_items": 1
              }
            },
            "description": "Use this resource to manage acceleration domain and its origin configuration. \n\nMore information can be found in the [Developer Guide](https://cloud.baidu.com/doc/CDN/s/rjwvyev26). \n\n",
            "description_kind": "plain"
          }
        },
        "baiducloud_cdn_domain_config_acl": {
          "version": 0,
          "block": {
            "attributes": {
              "domain": {
                "type": "string",
                "description": "Name of the acceleration domain.",
                "description_kind": "plain",
                "required": true
              },
              "id": {
                "type": "string",
                "description_kind": "plain",
                "optional": true,
                "computed": true
              }
            },
            "block_types": {
              "access_limit": {
                "nesting_mode": "list",
                "block": {
                  "attributes": {
                    "enabled": {
                      "type": "bool",
                      "description": "Whether visit frequency limit for a single IP node is enabled. Defaults to `false`.",
                      "description_kind": "plain",
                      "optional": true
                    },
                    "limit": {
                      "type": "number",
                      "description": "Maximum number of requests a single IP node can send in one second. Defaults to `1000`.",
                      "description_kind": "plain",
                      "optional": true
                    }
                  },
                  "description": "IP access limit configuration of the acceleration domain.",
                  "description_kind": "plain"
                },
                "max_items": 1
              },
              "cors": {
                "nesting_mode": "list",
                "block": {
                  "attributes": {
                    "allow": {
                      "type": "string",
                      "description": "Whether allowing cross-domain access. Defaults to `off`. Other valid value: `on`",
                      "description_kind": "plain",
                      "optional": true
                    },
                    "origin_list": {
                      "type": [
                        "set",
                        "string"
                      ],
                      "description": "Domain names with cross-domain allowed. Support extensive domain name. Each name can contain at most one wildcard",
                      "description_kind": "plain",
                      "optional": true
                    }
                  },
                  "description": "Cors cross-domain configuration of the acceleration domain.",
                  "description_kind": "plain"
                },
                "max_items": 1
              },
              "ip_acl": {
                "nesting_mode": "list",
                "block": {
                  "attributes": {
                    "black_list": {
                      "type": [
                        "set",
                        "string"
                      ],
                      "description": "IP blacklist, support IP segments in CIDR format. Conflict with `white_list`",
                      "description_kind": "plain",
                      "optional": true
                    },
                    "white_list": {
                      "type": [
                        "set",
                        "string"
                      ],
                      "description": "IP whitelist, support IP segments in CIDR format. Conflict with `black_list`",
                      "description_kind": "plain",
                      "optional": true
                    }
                  },
                  "description": "IP access configuration of the acceleration domain.",
                  "description_kind": "plain"
                },
                "max_items": 1
              },
              "referer_acl": {
                "nesting_mode": "list",
                "block": {
                  "attributes": {
                    "allow_empty": {
                      "type": "bool",
                      "description": "Whether empty referer access is allowed. Defaults to `true`.",
                      "description_kind": "plain",
                      "optional": true
                    },
                    "black_list": {
                      "type": [
                        "set",
                        "string"
                      ],
                      "description": "Referer blacklist. Support wildcard and no protocol required. Conflict with `white_list`",
                      "description_kind": "plain",
                      "optional": true
                    },
                    "white_list": {
                      "type": [
                        "set",
                        "string"
                      ],
                      "description": "Referer whitelist. Support wildcard and no protocol required. Conflict with `black_list`",
                      "description_kind": "plain",
                      "optional": true
                    }
                  },
                  "description": "Referer access configuration of the acceleration domain.",
                  "description_kind": "plain"
                },
                "max_items": 1
              },
              "request_auth": {
                "nesting_mode": "list",
                "block": {
                  "attributes": {
                    "key1": {
                      "type": "string",
                      "description": "Main authorization key. Letters and numbers can be used. Length should be in 6-32.",
                      "description_kind": "plain",
                      "required": true
                    },
                    "key2": {
                      "type": "string",
                      "description": "Secondary authorization key. Letters and numbers can be used. Length should be in 6-32.",
                      "description_kind": "plain",
                      "optional": true
                    },
                    "timeout": {
                      "type": "number",
                      "description": "Authorization cache time.",
                      "description_kind": "plain",
                      "optional": true
                    },
                    "timestamp_metric": {
                      "type": "number",
                      "description": "Time format. Valid values: `10`, `16`.",
                      "description_kind": "plain",
                      "optional": true
                    },
                    "type": {
                      "type": "string",
                      "description": "Authentication method. Valid values: `A`, `B`, `C`",
                      "description_kind": "plain",
                      "required": true
                    }
                  },
                  "description": "Access authentication configuration of the acceleration domain.",
                  "description_kind": "plain"
                },
                "max_items": 1
              },
              "traffic_limit": {
                "nesting_mode": "list",
                "block": {
                  "attributes": {
                    "enable": {
                      "type": "bool",
                      "description": "Whether rate limit is enabled. Defaults to `false`.",
                      "description_kind": "plain",
                      "optional": true
                    },
                    "limit_end_hour": {
                      "type": "number",
                      "description": "Time to start speed limit. Should be in 0-24, and greater than `limit_start_hour`. Defaults to `24`.",
                      "description_kind": "plain",
                      "optional": true
                    },
                    "limit_rate": {
                      "type": "number",
                      "description": "Limit rate in Byte/s",
                      "description_kind": "plain",
                      "optional": true
                    },
                    "limit_start_hour": {
                      "type": "number",
                      "description": "Time to start speed limit. Should be in 0-24, and smaller than `limit_end_hour`. Defaults to `0`.",
                      "description_kind": "plain",
                      "optional": true
                    }
                  },
                  "description": "Rate limit for a single link configuration of the acceleration domain.",
                  "description_kind": "plain"
                },
                "max_items": 1
              },
              "ua_acl": {
                "nesting_mode": "list",
                "block": {
                  "attributes": {
                    "black_list": {
                      "type": [
                        "set",
                        "string"
                      ],
                      "description": "UA blacklist, length of a single ua should be in 1-200.",
                      "description_kind": "plain",
                      "optional": true
                    },
                    "white_list": {
                      "type": [
                        "set",
                        "string"
                      ],
                      "description": "UA whitelist, length of a single ua should be in 1-200.",
                      "description_kind": "plain",
                      "optional": true
                    }
                  },
                  "description": "User agent access configuration of the acceleration domain.",
                  "description_kind": "plain"
                },
                "max_items": 1
              }
            },
            "description": "Use this resource to manage acl-related configuration of the acceleration domain. \n\nMore information can be found in the [Developer Guide](https://cloud.baidu.com/doc/CDN/s/yjxzhvf21). \n\n~> **NOTE:** Creating a resource will overwrite current acl-related configuration. Deleting a resource won't change current configuration.",
            "description_kind": "plain"
          }
        },
        "baiducloud_cdn_domain_config_advanced": {
          "version": 0,
          "block": {
            "attributes": {
              "domain": {
                "type": "string",
                "description": "Name of the acceleration domain.",
                "description_kind": "plain",
                "required": true
              },
              "file_trim": {
                "type": "bool",
                "description": "Whether page optimization is enabled. Defaults to `false`.",
                "description_kind": "plain",
                "optional": true
              },
              "id": {
                "type": "string",
                "description_kind": "plain",
                "optional": true,
                "computed": true
              },
              "quic": {
                "type": "bool",
                "description": "Whether QUIC protocol is enabled. Defaults to `false`.",
                "description_kind": "plain",
                "optional": true
              }
            },
            "block_types": {
              "compress": {
                "nesting_mode": "list",
                "block": {
                  "attributes": {
                    "allow": {
                      "type": "bool",
                      "description": "Whether page compression is enabled. Defaults to `false`.",
                      "description_kind": "plain",
                      "optional": true
                    },
                    "type": {
                      "type": "string",
                      "description": "Compression type. Defaults to `gzip`. Other valid values: `br`, `all`(br + gzip)",
                      "description_kind": "plain",
                      "optional": true
                    }
                  },
                  "description": "Page compression configuration of the acceleration domain.",
                  "description_kind": "plain"
                },
                "max_items": 1
              },
              "http_header": {
                "nesting_mode": "set",
                "block": {
                  "attributes": {
                    "action": {
                      "type": "string",
                      "description": "Indicates whether to delete or add the header. Valid values: `add`, `remove`",
                      "description_kind": "plain",
                      "required": true
                    },
                    "describe": {
                      "type": "string",
                      "description": "Description. Length cannot exceed 100 characters.",
                      "description_kind": "plain",
                      "optional": true
                    },
                    "header": {
                      "type": "string",
                      "description": "Http header field. Can be a standard Header of HTTP, or a user-defined one, such as `x-bce-authorization`.",
                      "description_kind": "plain",
                      "required": true
                    },
                    "type": {
                      "type": "string",
                      "description": "Header type. Valid values: `origin`(forwards to origin), `response`(responds to the user).",
                      "description_kind": "plain",
                      "required": true
                    },
                    "value": {
                      "type": "string",
                      "description": "Value of the header field. A limited number of variables are supported.",
                      "description_kind": "plain",
                      "optional": true
                    }
                  },
                  "description": "Http header configuration of the acceleration domain.",
                  "description_kind": "plain"
                }
              },
              "ipv6_dispatch": {
                "nesting_mode": "list",
                "block": {
                  "attributes": {
                    "enable": {
                      "type": "bool",
                      "description": "Whether supporting for accessing cdn via ipv6 is enabled. Defaults to `false`.",
                      "description_kind": "plain",
                      "optional": true
                    }
                  },
                  "description": "IPv6 configuration of the acceleration domain.",
                  "description_kind": "plain"
                },
                "max_items": 1
              },
              "media_drag": {
                "nesting_mode": "list",
                "block": {
                  "block_types": {
                    "flv": {
                      "nesting_mode": "list",
                      "block": {
                        "attributes": {
                          "drag_mode": {
                            "type": "string",
                            "description": "Drag in seconds for mp4 type or in bytes for flv type. Valid value for mp4: `second`. Valid value for flv: `byteAV`, `byte`.",
                            "description_kind": "plain",
                            "required": true
                          },
                          "end_arg_name": {
                            "type": "string",
                            "description": "Name of the start parameter. Defaults to `end`. Cannot be the same as `start_arg_name`.",
                            "description_kind": "plain",
                            "optional": true
                          },
                          "file_suffix": {
                            "type": [
                              "set",
                              "string"
                            ],
                            "description": "Video file extensions. For example, mp4 type may use [`mp4`, `m4v`, `m4a`], flv type may use `flv`.",
                            "description_kind": "plain",
                            "optional": true
                          },
                          "start_arg_name": {
                            "type": "string",
                            "description": "Name of the start parameter. Defaults to `start`. Cannot be the same as `end_arg_name`.",
                            "description_kind": "plain",
                            "optional": true
                          }
                        },
                        "description": "Configuration of pseudo-streaming in flv type.",
                        "description_kind": "plain"
                      },
                      "max_items": 1
                    },
                    "mp4": {
                      "nesting_mode": "list",
                      "block": {
                        "attributes": {
                          "drag_mode": {
                            "type": "string",
                            "description": "Drag in seconds for mp4 type or in bytes for flv type. Valid value for mp4: `second`. Valid value for flv: `byteAV`, `byte`.",
                            "description_kind": "plain",
                            "required": true
                          },
                          "end_arg_name": {
                            "type": "string",
                            "description": "Name of the start parameter. Defaults to `end`. Cannot be the same as `start_arg_name`.",
                            "description_kind": "plain",
                            "optional": true
                          },
                          "file_suffix": {
                            "type": [
                              "set",
                              "string"
                            ],
                            "description": "Video file extensions. For example, mp4 type may use [`mp4`, `m4v`, `m4a`], flv type may use `flv`.",
                            "description_kind": "plain",
                            "optional": true
                          },
                          "start_arg_name": {
                            "type": "string",
                            "description": "Name of the start parameter. Defaults to `start`. Cannot be the same as `end_arg_name`.",
                            "description_kind": "plain",
                            "optional": true
                          }
                        },
                        "description": "Configuration of pseudo-streaming in mp4 type.",
                        "description_kind": "plain"
                      },
                      "max_items": 1
                    }
                  },
                  "description": "Video dragging configuration of the acceleration domain.",
                  "description_kind": "plain"
                },
                "max_items": 1
              },
              "seo_switch": {
                "nesting_mode": "list",
                "block": {
                  "attributes": {
                    "directly_origin": {
                      "type": "string",
                      "description": "Whether SEO optimization is enabled. Defaults to `OFF`. Other valid value: `ON`",
                      "description_kind": "plain",
                      "optional": true
                    }
                  },
                  "description": "SEO optimization configuration of the acceleration domain.",
                  "description_kind": "plain"
                },
                "max_items": 1
              }
            },
            "description": "Use this resource to manage Advanced configuration of the acceleration domain. \n\nMore information can be found in the [Developer Guide](https://cloud.baidu.com/doc/CDN/s/Jjxzil1sd). \n\n~> **NOTE:** Creating a resource will overwrite current Advanced configuration. Deleting a resource won't change current configuration.",
            "description_kind": "plain"
          }
        },
        "baiducloud_cdn_domain_config_cache": {
          "version": 0,
          "block": {
            "attributes": {
              "domain": {
                "type": "string",
                "description": "Name of the acceleration domain.",
                "description_kind": "plain",
                "required": true
              },
              "id": {
                "type": "string",
                "description_kind": "plain",
                "optional": true,
                "computed": true
              }
            },
            "block_types": {
              "cache_share": {
                "nesting_mode": "list",
                "block": {
                  "attributes": {
                    "domain": {
                      "type": "string",
                      "description": "Another acceleration domain under current user. Must be set when enabled.",
                      "description_kind": "plain",
                      "optional": true
                    },
                    "enabled": {
                      "type": "bool",
                      "description": "Whether cache sharing is enabled. Defaults to `false`.",
                      "description_kind": "plain",
                      "optional": true
                    }
                  },
                  "description": "Cache sharing configuration of the acceleration domain.",
                  "description_kind": "plain"
                },
                "max_items": 1
              },
              "cache_ttl": {
                "nesting_mode": "set",
                "block": {
                  "attributes": {
                    "ttl": {
                      "type": "number",
                      "description": "Cache duration in seconds.",
                      "description_kind": "plain",
                      "required": true
                    },
                    "type": {
                      "type": "string",
                      "description": "Cache rule type. Valid values: `suffix`(file name suffix), `path`(directory in the url), `origin`(origin server rule. There is only one such rule, and only `weight` is required. Set `value` to `-`, `ttl` to `0`), `code`(status code cache, currently supports `404`, `502`, `503`, `504`), `exactPath`(path is completely matched).",
                      "description_kind": "plain",
                      "required": true
                    },
                    "value": {
                      "type": "string",
                      "description": "Configuration rule for the specified type.",
                      "description_kind": "plain",
                      "required": true
                    },
                    "weight": {
                      "type": "number",
                      "description": "The origin server weight. Must be between `0` and `100`. Defaults to `0`. The higher the weight, the higher the priority. No effect when `type` is `code`.",
                      "description_kind": "plain",
                      "optional": true
                    }
                  },
                  "description": "Cache expiration rules of the acceleration domain.",
                  "description_kind": "plain"
                }
              },
              "cache_url_args": {
                "nesting_mode": "list",
                "block": {
                  "attributes": {
                    "cache_full_url": {
                      "type": "bool",
                      "description": "Whether caching of full url is enabled. Defaults to `true`",
                      "description_kind": "plain",
                      "optional": true
                    },
                    "cache_url_args": {
                      "type": [
                        "set",
                        "string"
                      ],
                      "description": "Query parameters in url that will be preserved. No effect when `cache_full_url` is `true`.",
                      "description_kind": "plain",
                      "optional": true
                    }
                  },
                  "description": "Cache parameter filter configuration of the acceleration domain.",
                  "description_kind": "plain"
                },
                "max_items": 1
              },
              "error_page": {
                "nesting_mode": "set",
                "block": {
                  "attributes": {
                    "code": {
                      "type": "number",
                      "description": "Error status code. Valid values: `401`, `403`, `404`, `405`, `414`, `429`, `500`, `501`, `502`, `503`, `504`.",
                      "description_kind": "plain",
                      "required": true
                    },
                    "url": {
                      "type": "string",
                      "description": "Destination address of redirection.",
                      "description_kind": "plain",
                      "required": true
                    }
                  },
                  "description": "Error page configuration of the acceleration domain.",
                  "description_kind": "plain"
                }
              },
              "mobile_access": {
                "nesting_mode": "list",
                "block": {
                  "attributes": {
                    "distinguish_client": {
                      "type": "bool",
                      "description": "Whether mobile access is enabled. Defaults to `false`",
                      "description_kind": "plain",
                      "optional": true
                    }
                  },
                  "description": "Mobile access configuration of the acceleration domain.",
                  "description_kind": "plain"
                },
                "max_items": 1
              }
            },
            "description": "Use this resource to manage cache-related configuration of the acceleration domain. \n\nMore information can be found in the [Developer Guide](https://cloud.baidu.com/doc/CDN/s/wjxzhgxnx). \n\n~> **NOTE:** Creating a resource will overwrite current cache-related configuration. Deleting a resource won't change current configuration.",
            "description_kind": "plain"
          }
        },
        "baiducloud_cdn_domain_config_https": {
          "version": 0,
          "block": {
            "attributes": {
              "domain": {
                "type": "string",
                "description": "Name of the acceleration domain.",
                "description_kind": "plain",
                "required": true
              },
              "id": {
                "type": "string",
                "description_kind": "plain",
                "optional": true,
                "computed": true
              },
              "ocsp": {
                "type": "bool",
                "description": "Whether OCSP stapling is enabled. Defaults to `false`.",
                "description_kind": "plain",
                "optional": true
              }
            },
            "block_types": {
              "https": {
                "nesting_mode": "list",
                "block": {
                  "attributes": {
                    "cert_id": {
                      "type": "string",
                      "description": "SSL Certificate ID. Can be obtained through data source `baiducloud_cdn_domain_certificate`",
                      "description_kind": "plain",
                      "optional": true
                    },
                    "enabled": {
                      "type": "bool",
                      "description": "Whether https acceleration is enabled. Defaults to `false`.",
                      "description_kind": "plain",
                      "optional": true
                    },
                    "http2_enabled": {
                      "type": "bool",
                      "description": "Whether HTTP2 feature is enabled. Defaults to `false`.",
                      "description_kind": "plain",
                      "optional": true
                    },
                    "http_redirect": {
                      "type": "bool",
                      "description": "Whether redirecting HTTP requests to HTTPS is enabled. Defaults to `false`. Cannot be true at the same time as `https_redirect`",
                      "description_kind": "plain",
                      "optional": true
                    },
                    "http_redirect_code": {
                      "type": "number",
                      "description": "HTTP redirection status code. Defaults to `302`. Other valid value: `301`.",
                      "description_kind": "plain",
                      "optional": true
                    },
                    "https_redirect": {
                      "type": "bool",
                      "description": "Whether redirecting HTTPS requests to HTTP is enabled. Defaults to `false`. Cannot be true at the same time as `http_redirect`",
                      "description_kind": "plain",
                      "optional": true
                    },
                    "https_redirect_code": {
                      "type": "number",
                      "description": "HTTPS redirection status code. Defaults to `302`. Other valid value: `301`.",
                      "description_kind": "plain",
                      "optional": true
                    },
                    "ssl_protocols": {
                      "type": [
                        "set",
                        "string"
                      ],
                      "description": "Supported TLS Versions. Valid values: `TLSv1.0`, `TLSv1.1`, `TLSv1.2`, `TLSv1.3`",
                      "description_kind": "plain",
                      "optional": true
                    },
                    "verify_client": {
                      "type": "bool",
                      "description": "Whether HTTPS two-way authentication is enabled. Defaults to `false`.",
                      "description_kind": "plain",
                      "optional": true
                    }
                  },
                  "description": "Https configuration of the acceleration domain.",
                  "description_kind": "plain"
                },
                "max_items": 1
              }
            },
            "description": "Use this resource to manage Https configuration of the acceleration domain. \n\nMore information can be found in the [Developer Guide](https://cloud.baidu.com/doc/CDN/s/Sjwvyf6w8). \n\n~> **NOTE:** Creating a resource will overwrite current Https configuration. Deleting a resource won't change current configuration.",
            "description_kind": "plain"
          }
        },
        "baiducloud_cdn_domain_config_origin": {
          "version": 0,
          "block": {
            "attributes": {
              "domain": {
                "type": "string",
                "description": "Name of the acceleration domain.",
                "description_kind": "plain",
                "required": true
              },
              "id": {
                "type": "string",
                "description_kind": "plain",
                "optional": true,
                "computed": true
              },
              "offline_mode": {
                "type": "bool",
                "description": "Whether offline mode is enabled. Defaults to `false`.",
                "description_kind": "plain",
                "optional": true
              },
              "range_switch": {
                "type": "string",
                "description": "Whether range forwarding to origin is enabled. Defaults to `off`. Other valid value: `on`",
                "description_kind": "plain",
                "optional": true
              }
            },
            "block_types": {
              "client_ip": {
                "nesting_mode": "list",
                "block": {
                  "attributes": {
                    "enabled": {
                      "type": "bool",
                      "description": "Whether getting user's real IP is enabled. Defaults to `false`.",
                      "description_kind": "plain",
                      "optional": true
                    },
                    "name": {
                      "type": "string",
                      "description": "IP type. Valid values: `True-Client-Ip`, `X-Real-IP`.",
                      "description_kind": "plain",
                      "optional": true
                    }
                  },
                  "description": "Getting user's real IP configuration of the acceleration domain.",
                  "description_kind": "plain"
                },
                "max_items": 1
              },
              "origin_protocol": {
                "nesting_mode": "list",
                "block": {
                  "attributes": {
                    "value": {
                      "type": "string",
                      "description": "Protocol value. Defaults to `http`. Other valid values: `https`, `*`",
                      "description_kind": "plain",
                      "optional": true
                    }
                  },
                  "description": "Forward-to-origin protocol configuration of the acceleration domain.",
                  "description_kind": "plain"
                },
                "min_items": 1,
                "max_items": 1
              }
            },
            "description": "Use this resource to manage Forward-to-origin configuration of the acceleration domain. \n\nMore information can be found in the [Developer Guide](https://cloud.baidu.com/doc/CDN/s/xjxzi7729). \n\n~> **NOTE:** Creating a resource will overwrite current Forward-to-origin configuration. Deleting a resource won't change current configuration.",
            "description_kind": "plain"
          }
        },
        "baiducloud_cds": {
          "version": 0,
          "block": {
            "attributes": {
              "auto_snapshot": {
                "type": "bool",
                "description": "Delete relate auto snapshot when release this cds volume",
                "description_kind": "plain",
                "optional": true
              },
              "auto_snapshot_policy_id": {
                "type": "string",
                "description": "CDS bind Auto Snapshot policy id",
                "description_kind": "plain",
                "computed": true
              },
              "create_time": {
                "type": "string",
                "description": "CDS volume create time",
                "description_kind": "plain",
                "computed": true
              },
              "description": {
                "type": "string",
                "description": "CDS volume description",
                "description_kind": "plain",
                "optional": true
              },
              "disk_size_in_gb": {
                "type": "number",
                "description": "CDS disk size, support between 5 and 32765, if snapshot_id not set, this parameter is required.",
                "description_kind": "plain",
                "optional": true,
                "computed": true
              },
              "expire_time": {
                "type": "string",
                "description": "CDS volume expire time",
                "description_kind": "plain",
                "computed": true
              },
              "id": {
                "type": "string",
                "description_kind": "plain",
                "optional": true,
                "computed": true
              },
              "manual_snapshot": {
                "type": "bool",
                "description": "Delete relate snapshot when release this cds volume",
                "description_kind": "plain",
                "optional": true
              },
              "name": {
                "type": "string",
                "description": "CDS volume name",
                "description_kind": "plain",
                "optional": true
              },
              "payment_timing": {
                "type": "string",
                "description": "payment method, support Prepaid or Postpaid",
                "description_kind": "plain",
                "required": true
              },
              "reservation_length": {
                "type": "number",
                "description": "Prepaid reservation length, support [1, 2, 3, 4, 5, 6, 7, 8, 9, 12, 24, 36], only useful when payment_timing is Prepaid",
                "description_kind": "plain",
                "optional": true
              },
              "reservation_time_unit": {
                "type": "string",
                "description": "Prepaid reservation time unit, only support Month now",
                "description_kind": "plain",
                "optional": true
              },
              "snapshot_id": {
                "type": "string",
                "description": "Snapshot id, support create cds use snapshot, when set this parameter, cds_disk_size is ignored",
                "description_kind": "plain",
                "optional": true,
                "computed": true
              },
              "status": {
                "type": "string",
                "description": "CDS volume status",
                "description_kind": "plain",
                "computed": true
              },
              "storage_type": {
                "type": "string",
                "description": "CDS dist storage type, support hp1, std1, cloud_hp1 and hdd, default hp1, see https://cloud.baidu.com/doc/BCC/s/6jwvyo0q2/#storagetype for detail",
                "description_kind": "plain",
                "optional": true,
                "computed": true
              },
              "type": {
                "type": "string",
                "description": "CDS volume type",
                "description_kind": "plain",
                "computed": true
              },
              "zone_name": {
                "type": "string",
                "description": "Zone name",
                "description_kind": "plain",
                "optional": true,
                "computed": true
              }
            },
            "block_types": {
              "timeouts": {
                "nesting_mode": "single",
                "block": {
                  "attributes": {
                    "create": {
                      "type": "string",
                      "description_kind": "plain",
                      "optional": true
                    },
                    "delete": {
                      "type": "string",
                      "description_kind": "plain",
                      "optional": true
                    },
                    "update": {
                      "type": "string",
                      "description_kind": "plain",
                      "optional": true
                    }
                  },
                  "description_kind": "plain"
                }
              }
            },
            "description_kind": "plain"
          }
        },
        "baiducloud_cds_attachment": {
          "version": 0,
          "block": {
            "attributes": {
              "attachment_device": {
                "type": "string",
                "description": "CDS mount device path",
                "description_kind": "plain",
                "computed": true
              },
              "attachment_serial": {
                "type": "string",
                "description": "CDS serial",
                "description_kind": "plain",
                "computed": true
              },
              "cds_id": {
                "type": "string",
                "description": "CDS volume ID",
                "description_kind": "plain",
                "required": true
              },
              "id": {
                "type": "string",
                "description_kind": "plain",
                "optional": true,
                "computed": true
              },
              "instance_id": {
                "type": "string",
                "description": "The ID of Instance which will attach CDS volume",
                "description_kind": "plain",
                "required": true
              }
            },
            "block_types": {
              "timeouts": {
                "nesting_mode": "single",
                "block": {
                  "attributes": {
                    "create": {
                      "type": "string",
                      "description_kind": "plain",
                      "optional": true
                    },
                    "delete": {
                      "type": "string",
                      "description_kind": "plain",
                      "optional": true
                    }
                  },
                  "description_kind": "plain"
                }
              }
            },
            "description_kind": "plain"
          }
        },
        "baiducloud_cert": {
          "version": 0,
          "block": {
            "attributes": {
              "cert_common_name": {
                "type": "string",
                "description": "Cert common name",
                "description_kind": "plain",
                "computed": true
              },
              "cert_create_time": {
                "type": "string",
                "description": "Cert create time",
                "description_kind": "plain",
                "computed": true
              },
              "cert_link_data": {
                "type": "string",
                "description": "Cert lint data, base64 encode",
                "description_kind": "plain",
                "optional": true
              },
              "cert_name": {
                "type": "string",
                "description": "Cert Name",
                "description_kind": "plain",
                "required": true
              },
              "cert_private_data": {
                "type": "string",
                "description": "Cert private key data, base64 encode",
                "description_kind": "plain",
                "required": true
              },
              "cert_server_data": {
                "type": "string",
                "description": "Server Cert data, base64 encode",
                "description_kind": "plain",
                "required": true
              },
              "cert_start_time": {
                "type": "string",
                "description": "Cert start time",
                "description_kind": "plain",
                "computed": true
              },
              "cert_stop_time": {
                "type": "string",
                "description": "Cert stop time",
                "description_kind": "plain",
                "computed": true
              },
              "cert_type": {
                "type": "number",
                "description": "Cert type",
                "description_kind": "plain",
                "optional": true,
                "computed": true
              },
              "cert_update_time": {
                "type": "string",
                "description": "Cert update time",
                "description_kind": "plain",
                "computed": true
              },
              "id": {
                "type": "string",
                "description_kind": "plain",
                "optional": true,
                "computed": true
              }
            },
            "block_types": {
              "timeouts": {
                "nesting_mode": "single",
                "block": {
                  "attributes": {
                    "create": {
                      "type": "string",
                      "description_kind": "plain",
                      "optional": true
                    },
                    "delete": {
                      "type": "string",
                      "description_kind": "plain",
                      "optional": true
                    },
                    "update": {
                      "type": "string",
                      "description_kind": "plain",
                      "optional": true
                    }
                  },
                  "description_kind": "plain"
                }
              }
            },
            "description_kind": "plain"
          }
        },
        "baiducloud_cfc_alias": {
          "version": 0,
          "block": {
            "attributes": {
              "alias_arn": {
                "type": "string",
                "description": "CFC Function alias arn",
                "description_kind": "plain",
                "computed": true
              },
              "alias_brn": {
                "type": "string",
                "description": "CFC Function alias brn",
                "description_kind": "plain",
                "computed": true
              },
              "alias_name": {
                "type": "string",
                "description": "CFC Function alias name",
                "description_kind": "plain",
                "required": true
              },
              "create_time": {
                "type": "string",
                "description": "CFC Function alias create time",
                "description_kind": "plain",
                "computed": true
              },
              "description": {
                "type": "string",
                "description": "CFC Function alias description",
                "description_kind": "plain",
                "optional": true
              },
              "function_name": {
                "type": "string",
                "description": "CFC Function name",
                "description_kind": "plain",
                "required": true
              },
              "function_version": {
                "type": "string",
                "description": "CFC Function version this alias binded",
                "description_kind": "plain",
                "required": true
              },
              "id": {
                "type": "string",
                "description_kind": "plain",
                "optional": true,
                "computed": true
              },
              "uid": {
                "type": "string",
                "description": "CFC Function uid",
                "description_kind": "plain",
                "computed": true
              },
              "update_time": {
                "type": "string",
                "description": "CFC Function alias update time",
                "description_kind": "plain",
                "computed": true
              }
            },
            "block_types": {
              "timeouts": {
                "nesting_mode": "single",
                "block": {
                  "attributes": {
                    "create": {
                      "type": "string",
                      "description_kind": "plain",
                      "optional": true
                    },
                    "delete": {
                      "type": "string",
                      "description_kind": "plain",
                      "optional": true
                    },
                    "update": {
                      "type": "string",
                      "description_kind": "plain",
                      "optional": true
                    }
                  },
                  "description_kind": "plain"
                }
              }
            },
            "description_kind": "plain"
          }
        },
        "baiducloud_cfc_function": {
          "version": 0,
          "block": {
            "attributes": {
              "code_bos_bucket": {
                "type": "string",
                "description": "CFC Function Code storage bos bucket name",
                "description_kind": "plain",
                "optional": true
              },
              "code_bos_object": {
                "type": "string",
                "description": "CFC Function Code storage bos object key",
                "description_kind": "plain",
                "optional": true
              },
              "code_file_dir": {
                "type": "string",
                "description": "CFC Function Code local file dir",
                "description_kind": "plain",
                "optional": true
              },
              "code_file_name": {
                "type": "string",
                "description": "CFC Function Code local zip file name",
                "description_kind": "plain",
                "optional": true
              },
              "code_sha256": {
                "type": "string",
                "description": "Function code sha256",
                "description_kind": "plain",
                "computed": true
              },
              "code_size": {
                "type": "string",
                "description": "Function code size",
                "description_kind": "plain",
                "computed": true
              },
              "code_storage": {
                "type": [
                  "map",
                  "string"
                ],
                "description": "CFC Code storage information",
                "description_kind": "plain",
                "computed": true
              },
              "commit_id": {
                "type": "string",
                "description": "Function commit id",
                "description_kind": "plain",
                "computed": true
              },
              "description": {
                "type": "string",
                "description": "Function description",
                "description_kind": "plain",
                "optional": true
              },
              "environment": {
                "type": [
                  "map",
                  "string"
                ],
                "description": "CFC Function environment variables",
                "description_kind": "plain",
                "optional": true
              },
              "function_arn": {
                "type": "string",
                "description": "The same as function brn",
                "description_kind": "plain",
                "computed": true
              },
              "function_brn": {
                "type": "string",
                "description": "Function brn",
                "description_kind": "plain",
                "computed": true
              },
              "function_name": {
                "type": "string",
                "description": "CFC function name, length must be between 1 and 64 bytes",
                "description_kind": "plain",
                "required": true
              },
              "handler": {
                "type": "string",
                "description": "CFC Function execution handler",
                "description_kind": "plain",
                "required": true
              },
              "id": {
                "type": "string",
                "description_kind": "plain",
                "optional": true,
                "computed": true
              },
              "last_modified": {
                "type": "string",
                "description": "The same as update_time",
                "description_kind": "plain",
                "computed": true
              },
              "log_bos_dir": {
                "type": "string",
                "description": "Log save dir if log type is bos",
                "description_kind": "plain",
                "optional": true
              },
              "log_type": {
                "type": "string",
                "description": "Log save type, support bos/none",
                "description_kind": "plain",
                "optional": true,
                "computed": true
              },
              "memory_size": {
                "type": "number",
                "description": "CFC Function memory size, should be an integer multiple of 128",
                "description_kind": "plain",
                "optional": true
              },
              "region": {
                "type": "string",
                "description": "Function region",
                "description_kind": "plain",
                "computed": true
              },
              "reserved_concurrent_executions": {
                "type": "number",
                "description": "Function reserved concurrent executions, support [0-90]",
                "description_kind": "plain",
                "optional": true
              },
              "role": {
                "type": "string",
                "description": "Function exec role",
                "description_kind": "plain",
                "computed": true
              },
              "runtime": {
                "type": "string",
                "description": "CFC Function runtime",
                "description_kind": "plain",
                "required": true
              },
              "source_tag": {
                "type": "string",
                "description": "CFC Function source tag",
                "description_kind": "plain",
                "computed": true
              },
              "time_out": {
                "type": "number",
                "description": "Function time out, support [1, 300]s",
                "description_kind": "plain",
                "required": true
              },
              "uid": {
                "type": "string",
                "description": "Function user uid",
                "description_kind": "plain",
                "computed": true
              },
              "update_time": {
                "type": "string",
                "description": "Last update time",
                "description_kind": "plain",
                "computed": true
              },
              "version": {
                "type": "string",
                "description": "Function version, should only be $LATEST",
                "description_kind": "plain",
                "computed": true
              }
            },
            "block_types": {
              "timeouts": {
                "nesting_mode": "single",
                "block": {
                  "attributes": {
                    "create": {
                      "type": "string",
                      "description_kind": "plain",
                      "optional": true
                    },
                    "delete": {
                      "type": "string",
                      "description_kind": "plain",
                      "optional": true
                    },
                    "update": {
                      "type": "string",
                      "description_kind": "plain",
                      "optional": true
                    }
                  },
                  "description_kind": "plain"
                }
              },
              "vpc_config": {
                "nesting_mode": "list",
                "block": {
                  "attributes": {
                    "security_group_ids": {
                      "type": [
                        "set",
                        "string"
                      ],
                      "description": "CFC Function binded Security group list",
                      "description_kind": "plain",
                      "required": true
                    },
                    "subnet_ids": {
                      "type": [
                        "set",
                        "string"
                      ],
                      "description": "CFC Function bined VPC Subnet id list",
                      "description_kind": "plain",
                      "required": true
                    },
                    "vpc_id": {
                      "type": "string",
                      "description_kind": "plain",
                      "computed": true
                    }
                  },
                  "description_kind": "plain"
                },
                "max_items": 1
              }
            },
            "description_kind": "plain"
          }
        },
        "baiducloud_cfc_trigger": {
          "version": 0,
          "block": {
            "attributes": {
              "auth_type": {
                "type": "string",
                "description": "CFC Function Trigger auth type if source_type is http, support anonymous or iam",
                "description_kind": "plain",
                "optional": true
              },
              "bos_event_type": {
                "type": [
                  "list",
                  "string"
                ],
                "description": "CFC Function Trigger bos event type",
                "description_kind": "plain",
                "optional": true
              },
              "bucket": {
                "type": "string",
                "description": "CFC Function Trigger source bucket if source_type is bos",
                "description_kind": "plain",
                "optional": true
              },
              "cdn_event_type": {
                "type": "string",
                "description": "CFC Function Trigger cdn event type",
                "description_kind": "plain",
                "optional": true
              },
              "domain": {
                "type": "string",
                "description": "CFC Function Trigger domain if source_type is cdn",
                "description_kind": "plain",
                "optional": true
              },
              "enabled": {
                "type": "string",
                "description": "CFC Function Trigger enabled if source_type is crontab",
                "description_kind": "plain",
                "optional": true
              },
              "id": {
                "type": "string",
                "description_kind": "plain",
                "optional": true,
                "computed": true
              },
              "input": {
                "type": "string",
                "description": "CFC Function Trigger input if source_type is crontab",
                "description_kind": "plain",
                "optional": true
              },
              "method": {
                "type": [
                  "set",
                  "string"
                ],
                "description": "CFC Function Trigger method if source_type is http",
                "description_kind": "plain",
                "optional": true
              },
              "name": {
                "type": "string",
                "description": "CFC Function Trigger name if source_type is bos or crontab",
                "description_kind": "plain",
                "optional": true
              },
              "relation_id": {
                "type": "string",
                "description": "CFC Function Trigger relation id",
                "description_kind": "plain",
                "computed": true
              },
              "remark": {
                "type": "string",
                "description": "CFC Function Trigger remark if source_type is cdn",
                "description_kind": "plain",
                "optional": true
              },
              "resource": {
                "type": "string",
                "description": "CFC Function Trigger resource if source_type is bos",
                "description_kind": "plain",
                "optional": true
              },
              "resource_path": {
                "type": "string",
                "description": "CFC Function Trigger resource path if source_type is http",
                "description_kind": "plain",
                "optional": true
              },
              "schedule_expression": {
                "type": "string",
                "description": "CFC Function Trigger schedule expression if source_type is crontab",
                "description_kind": "plain",
                "optional": true
              },
              "sid": {
                "type": "string",
                "description": "CFC Funtion Trigger sid",
                "description_kind": "plain",
                "computed": true
              },
              "source_type": {
                "type": "string",
                "description": "CFC Funtion Trigger source type, support bos/http/crontab/dueros/duedge/cdn",
                "description_kind": "plain",
                "required": true
              },
              "status": {
                "type": "string",
                "description": "CFC Funtion Trigger status if source_type is bos or cdn",
                "description_kind": "plain",
                "optional": true
              },
              "target": {
                "type": "string",
                "description": "CFC Function Trigger target, it should be function brn",
                "description_kind": "plain",
                "required": true
              }
            },
            "block_types": {
              "timeouts": {
                "nesting_mode": "single",
                "block": {
                  "attributes": {
                    "create": {
                      "type": "string",
                      "description_kind": "plain",
                      "optional": true
                    },
                    "delete": {
                      "type": "string",
                      "description_kind": "plain",
                      "optional": true
                    },
                    "update": {
                      "type": "string",
                      "description_kind": "plain",
                      "optional": true
                    }
                  },
                  "description_kind": "plain"
                }
              }
            },
            "description_kind": "plain"
          }
        },
        "baiducloud_cfc_version": {
          "version": 0,
          "block": {
            "attributes": {
              "code_sha256": {
                "type": "string",
                "description": "Function code sha256",
                "description_kind": "plain",
                "optional": true,
                "computed": true
              },
              "code_size": {
                "type": "string",
                "description": "Function code size",
                "description_kind": "plain",
                "computed": true
              },
              "commit_id": {
                "type": "string",
                "description": "Function commit id",
                "description_kind": "plain",
                "computed": true
              },
              "description": {
                "type": "string",
                "description": "Function description",
                "description_kind": "plain",
                "computed": true
              },
              "environment": {
                "type": [
                  "map",
                  "string"
                ],
                "description": "CFC Function environment variables",
                "description_kind": "plain",
                "computed": true
              },
              "function_arn": {
                "type": "string",
                "description": "The same as function brn",
                "description_kind": "plain",
                "computed": true
              },
              "function_brn": {
                "type": "string",
                "description": "Function brn",
                "description_kind": "plain",
                "computed": true
              },
              "function_name": {
                "type": "string",
                "description": "CFC function name, length must be between 1 and 64 bytes",
                "description_kind": "plain",
                "required": true
              },
              "handler": {
                "type": "string",
                "description": "CFC Function execution handler",
                "description_kind": "plain",
                "computed": true
              },
              "id": {
                "type": "string",
                "description_kind": "plain",
                "optional": true,
                "computed": true
              },
              "last_modified": {
                "type": "string",
                "description": "The same as update_time",
                "description_kind": "plain",
                "computed": true
              },
              "log_bos_dir": {
                "type": "string",
                "description": "Log save dir if log type is bos",
                "description_kind": "plain",
                "optional": true,
                "computed": true
              },
              "log_type": {
                "type": "string",
                "description": "Log save type, support bos/none",
                "description_kind": "plain",
                "optional": true,
                "computed": true
              },
              "memory_size": {
                "type": "number",
                "description": "CFC Function memory size",
                "description_kind": "plain",
                "computed": true
              },
              "region": {
                "type": "string",
                "description": "CFC Function bined VPC Subnet id list",
                "description_kind": "plain",
                "computed": true
              },
              "role": {
                "type": "string",
                "description": "Function exec role",
                "description_kind": "plain",
                "computed": true
              },
              "runtime": {
                "type": "string",
                "description": "CFC Function runtime",
                "description_kind": "plain",
                "computed": true
              },
              "time_out": {
                "type": "number",
                "description": "Function time out",
                "description_kind": "plain",
                "computed": true
              },
              "uid": {
                "type": "string",
                "description": "Function user uid",
                "description_kind": "plain",
                "computed": true
              },
              "update_time": {
                "type": "string",
                "description": "Last update time",
                "description_kind": "plain",
                "computed": true
              },
              "version": {
                "type": "string",
                "description": "Function version",
                "description_kind": "plain",
                "computed": true
              },
              "version_description": {
                "type": "string",
                "description": "Function version description",
                "description_kind": "plain",
                "optional": true
              },
              "vpc_config": {
                "type": [
                  "list",
                  [
                    "object",
                    {
                      "security_group_ids": [
                        "set",
                        "string"
                      ],
                      "subnet_ids": [
                        "set",
                        "string"
                      ],
                      "vpc_id": "string"
                    }
                  ]
                ],
                "description_kind": "plain",
                "computed": true
              }
            },
            "block_types": {
              "timeouts": {
                "nesting_mode": "single",
                "block": {
                  "attributes": {
                    "create": {
                      "type": "string",
                      "description_kind": "plain",
                      "optional": true
                    },
                    "delete": {
                      "type": "string",
                      "description_kind": "plain",
                      "optional": true
                    },
                    "update": {
                      "type": "string",
                      "description_kind": "plain",
                      "optional": true
                    }
                  },
                  "description_kind": "plain"
                }
              }
            },
            "description_kind": "plain"
          }
        },
        "baiducloud_cfs": {
          "version": 0,
          "block": {
            "attributes": {
              "id": {
                "type": "string",
                "description_kind": "plain",
                "optional": true,
                "computed": true
              },
              "name": {
                "type": "string",
                "description": "cfs name, length must be between 1 and 64 bytes",
                "description_kind": "plain",
                "required": true
              },
              "protocol": {
                "type": "string",
                "description": "CFS protocol, available value is nfs and smb, default is nfs",
                "description_kind": "plain",
                "optional": true
              },
              "status": {
                "type": "string",
                "description": "CFS status, available value is available,updating,paused and unavailable",
                "description_kind": "plain",
                "computed": true
              },
              "type": {
                "type": "string",
                "description": "CFS type, default is cap",
                "description_kind": "plain",
                "optional": true
              },
              "vpc_id": {
                "type": "string",
                "description": "VPC ID",
                "description_kind": "plain",
                "computed": true
              },
              "zone": {
                "type": "string",
                "description": "cfs zone",
                "description_kind": "plain",
                "optional": true
              }
            },
            "block_types": {
              "timeouts": {
                "nesting_mode": "single",
                "block": {
                  "attributes": {
                    "create": {
                      "type": "string",
                      "description_kind": "plain",
                      "optional": true
                    },
                    "delete": {
                      "type": "string",
                      "description_kind": "plain",
                      "optional": true
                    },
                    "update": {
                      "type": "string",
                      "description_kind": "plain",
                      "optional": true
                    }
                  },
                  "description_kind": "plain"
                }
              }
            },
            "description_kind": "plain"
          }
        },
        "baiducloud_cfs_mount_target": {
          "version": 0,
          "block": {
            "attributes": {
              "domain": {
                "type": "string",
                "description": "Domain of mount target.",
                "description_kind": "plain",
                "computed": true
              },
              "fs_id": {
                "type": "string",
                "description": "CFS id which mount target belong to.",
                "description_kind": "plain",
                "required": true
              },
              "id": {
                "type": "string",
                "description_kind": "plain",
                "optional": true,
                "computed": true
              },
              "subnet_id": {
                "type": "string",
                "description": "Subnet ID which mount target belong to.",
                "description_kind": "plain",
                "required": true
              },
              "vpc_id": {
                "type": "string",
                "description": "VPC ID which mount target belong to.",
                "description_kind": "plain",
                "required": true
              }
            },
            "block_types": {
              "timeouts": {
                "nesting_mode": "single",
                "block": {
                  "attributes": {
                    "create": {
                      "type": "string",
                      "description_kind": "plain",
                      "optional": true
                    },
                    "delete": {
                      "type": "string",
                      "description_kind": "plain",
                      "optional": true
                    },
                    "update": {
                      "type": "string",
                      "description_kind": "plain",
                      "optional": true
                    }
                  },
                  "description_kind": "plain"
                }
              }
            },
            "description_kind": "plain"
          }
        },
        "baiducloud_deployset": {
          "version": 0,
          "block": {
            "attributes": {
              "az_intstance_statis_list": {
                "type": [
                  "list",
                  [
                    "object",
                    {
                      "bbc_instance_cnt": "number",
                      "bbc_instance_ids": [
                        "set",
                        "string"
                      ],
                      "bcc_instance_cnt": "number",
                      "bcc_instance_ids": [
                        "set",
                        "string"
                      ],
                      "instance_count": "number",
                      "instance_ids": [
                        "set",
                        "string"
                      ],
                      "instance_total": "number",
                      "zone_name": "string"
                    }
                  ]
                ],
                "description": "Availability Zone Instance Statistics List.",
                "description_kind": "plain",
                "computed": true
              },
              "concurrency": {
                "type": "number",
                "description": "concurrency of deployset.",
                "description_kind": "plain",
                "computed": true
              },
              "desc": {
                "type": "string",
                "description": "Description of the deployset.",
                "description_kind": "plain",
                "optional": true
              },
              "id": {
                "type": "string",
                "description_kind": "plain",
                "optional": true,
                "computed": true
              },
              "name": {
                "type": "string",
                "description": "Name of the deployset. Support for uppercase and lowercase letters, numbers, Chinese and special characters, such as \"-\",\"_\",\"/\",\".\", the value must start with a letter, length 1-65.",
                "description_kind": "plain",
                "optional": true
              },
              "short_id": {
                "type": "string",
                "description": "deployset short id.",
                "description_kind": "plain",
                "computed": true
              },
              "strategy": {
                "type": "string",
                "description": "Strategy of deployset.Available values are HOST_HA, RACK_HA and TOR_HA",
                "description_kind": "plain",
                "optional": true
              },
              "uuid": {
                "type": "string",
                "description": "deployset uuid.",
                "description_kind": "plain",
                "computed": true
              }
            },
            "description_kind": "plain"
          }
        },
        "baiducloud_dts": {
          "version": 0,
          "block": {
            "attributes": {
              "base": {
                "type": [
                  "list",
                  [
                    "object",
                    {
                      "count": "string",
                      "current": "string",
                      "expect_finish_time": "string",
                      "speed": "string"
                    }
                  ]
                ],
                "description": "schemaInfo",
                "description_kind": "plain",
                "computed": true
              },
              "create_time": {
                "type": "string",
                "description": "Dts create time",
                "description_kind": "plain",
                "computed": true
              },
              "cross_region_tag": {
                "type": "number",
                "description": "cross region tag of the task. Available value are 0, 1.",
                "description_kind": "plain",
                "required": true
              },
              "data_type": {
                "type": [
                  "list",
                  "string"
                ],
                "description": "Dts task data type",
                "description_kind": "plain",
                "required": true
              },
              "dst_connection": {
                "type": [
                  "map",
                  "string"
                ],
                "description": "Connection",
                "description_kind": "plain",
                "optional": true,
                "computed": true
              },
              "dts_id": {
                "type": "string",
                "description": "Dts task id",
                "description_kind": "plain",
                "optional": true,
                "computed": true
              },
              "errmsg": {
                "type": "string",
                "description": "Dts error message",
                "description_kind": "plain",
                "computed": true
              },
              "granularity": {
                "type": "string",
                "description": "Dts granularity",
                "description_kind": "plain",
                "optional": true,
                "computed": true
              },
              "id": {
                "type": "string",
                "description_kind": "plain",
                "optional": true,
                "computed": true
              },
              "increment": {
                "type": [
                  "map",
                  "string"
                ],
                "description": "increment",
                "description_kind": "plain",
                "computed": true
              },
              "init_position": {
                "type": "string",
                "description": "Dts init position",
                "description_kind": "plain",
                "optional": true,
                "computed": true
              },
              "init_position_type": {
                "type": "string",
                "description": "Dts init position type",
                "description_kind": "plain",
                "optional": true,
                "computed": true
              },
              "operation": {
                "type": "string",
                "description": "operation of the task. Available values are precheck, getprecheck, start, pause, shutdown.",
                "description_kind": "plain",
                "optional": true
              },
              "pay_create_time": {
                "type": "number",
                "description": "Dts pay create time",
                "description_kind": "plain",
                "computed": true
              },
              "pay_end_time": {
                "type": "string",
                "description": "Dts pay end time",
                "description_kind": "plain",
                "computed": true
              },
              "product_type": {
                "type": "string",
                "description": "product type of the task. Available value is postpay.",
                "description_kind": "plain",
                "required": true
              },
              "queue_type": {
                "type": "string",
                "description": "Dts queue type",
                "description_kind": "plain",
                "optional": true,
                "computed": true
              },
              "region": {
                "type": "string",
                "description": "Dts region",
                "description_kind": "plain",
                "computed": true
              },
              "running_time": {
                "type": "number",
                "description": "Dts task running time",
                "description_kind": "plain",
                "computed": true
              },
              "schema": {
                "type": [
                  "list",
                  [
                    "object",
                    {
                      "count": "string",
                      "current": "string",
                      "expect_finish_time": "string",
                      "speed": "string"
                    }
                  ]
                ],
                "description": "schemaInfo",
                "description_kind": "plain",
                "computed": true
              },
              "sdk_realtime_progress": {
                "type": "string",
                "description": "Dts sdk realtime progress",
                "description_kind": "plain",
                "computed": true
              },
              "source_instance_type": {
                "type": "string",
                "description": "source instance type of the task. Available values are public, bcerds.",
                "description_kind": "plain",
                "required": true
              },
              "src_connection": {
                "type": [
                  "map",
                  "string"
                ],
                "description": "Connection",
                "description_kind": "plain",
                "optional": true,
                "computed": true
              },
              "standard": {
                "type": "string",
                "description": "standard of the task. Available value is Large.",
                "description_kind": "plain",
                "required": true
              },
              "status": {
                "type": "string",
                "description": "Dts task status",
                "description_kind": "plain",
                "computed": true
              },
              "sub_end_time": {
                "type": "string",
                "description": "Dts subDataScope end time",
                "description_kind": "plain",
                "computed": true
              },
              "sub_start_time": {
                "type": "string",
                "description": "Dts subDataScope start time",
                "description_kind": "plain",
                "computed": true
              },
              "target_instance_type": {
                "type": "string",
                "description": "target instance type of the task. Available values are public, bcerds.",
                "description_kind": "plain",
                "required": true
              },
              "task_name": {
                "type": "string",
                "description": "Dts task name",
                "description_kind": "plain",
                "required": true
              },
              "type": {
                "type": "string",
                "description": "type of the task. Available values are migration, sync, subscribe.",
                "description_kind": "plain",
                "required": true
              }
            },
            "block_types": {
              "schema_mapping": {
                "nesting_mode": "list",
                "block": {
                  "attributes": {
                    "dst": {
                      "type": "string",
                      "description": "dst",
                      "description_kind": "plain",
                      "optional": true,
                      "computed": true
                    },
                    "src": {
                      "type": "string",
                      "description": "src",
                      "description_kind": "plain",
                      "optional": true,
                      "computed": true
                    },
                    "type": {
                      "type": "string",
                      "description": "type",
                      "description_kind": "plain",
                      "optional": true,
                      "computed": true
                    },
                    "where": {
                      "type": "string",
                      "description": "where",
                      "description_kind": "plain",
                      "optional": true,
                      "computed": true
                    }
                  },
                  "description": "schema mapping",
                  "description_kind": "plain"
                },
                "min_items": 1,
                "max_items": 5
              },
              "sub_status": {
                "nesting_mode": "list",
                "block": {
                  "attributes": {
                    "b": {
                      "type": "string",
                      "description": "b",
                      "description_kind": "plain",
                      "computed": true
                    },
                    "i": {
                      "type": "string",
                      "description": "i",
                      "description_kind": "plain",
                      "computed": true
                    },
                    "s": {
                      "type": "string",
                      "description": "s",
                      "description_kind": "plain",
                      "computed": true
                    }
                  },
                  "description": "sub status",
                  "description_kind": "plain"
                }
              },
              "timeouts": {
                "nesting_mode": "single",
                "block": {
                  "attributes": {
                    "create": {
                      "type": "string",
                      "description_kind": "plain",
                      "optional": true
                    },
                    "delete": {
                      "type": "string",
                      "description_kind": "plain",
                      "optional": true
                    },
                    "update": {
                      "type": "string",
                      "description_kind": "plain",
                      "optional": true
                    }
                  },
                  "description_kind": "plain"
                }
              }
            },
            "description_kind": "plain"
          }
        },
        "baiducloud_eip": {
          "version": 0,
          "block": {
            "attributes": {
              "auto_renew_time": {
                "type": "number",
                "description": "Eip auto renew time length, only useful when payment_timing is Prepaid. If auto_renew_time_unit is month, support 1-9, if auto_renew_time_unit is year, support 1-3.",
                "description_kind": "plain",
                "optional": true
              },
              "auto_renew_time_unit": {
                "type": "string",
                "description": "Eip auto renew time unit, only useful when payment_timing is Prepaid, support month/year",
                "description_kind": "plain",
                "optional": true
              },
              "bandwidth_in_mbps": {
                "type": "number",
                "description": "Eip bandwidth(Mbps), if payment_timing is Prepaid or billing_method is ByBandWidth, support between 1 and 200, if billing_method is ByTraffic, support between 1 and 1000",
                "description_kind": "plain",
                "required": true
              },
              "billing_method": {
                "type": "string",
                "description": "Eip billing method, support ByTraffic or ByBandwidth",
                "description_kind": "plain",
                "required": true
              },
              "create_time": {
                "type": "string",
                "description": "Eip create time",
                "description_kind": "plain",
                "computed": true
              },
              "eip": {
                "type": "string",
                "description": "Eip address",
                "description_kind": "plain",
                "computed": true
              },
              "eip_instance_type": {
                "type": "string",
                "description": "Eip instance type",
                "description_kind": "plain",
                "computed": true
              },
              "expire_time": {
                "type": "string",
                "description": "Eip expire time",
                "description_kind": "plain",
                "computed": true
              },
              "id": {
                "type": "string",
                "description_kind": "plain",
                "optional": true,
                "computed": true
              },
              "name": {
                "type": "string",
                "description": "Eip name, length must be between 1 and 65 bytes",
                "description_kind": "plain",
                "optional": true,
                "computed": true
              },
              "payment_timing": {
                "type": "string",
                "description": "Eip payment timing, support Prepaid and Postpaid",
                "description_kind": "plain",
                "required": true
              },
              "reservation_length": {
                "type": "number",
                "description": "Eip Prepaid billing reservation length, only useful when payment_timing is Prepaid",
                "description_kind": "plain",
                "optional": true,
                "sensitive": true
              },
              "reservation_time_unit": {
                "type": "string",
                "description": "Eip Prepaid billing reservation time unit, only useful when payment_timing is Prepaid",
                "description_kind": "plain",
                "optional": true,
                "sensitive": true
              },
              "route_type": {
                "type": "string",
                "description": "EIP route type",
                "description_kind": "plain",
                "optional": true
              },
              "share_group_id": {
                "type": "string",
                "description": "Eip share group id",
                "description_kind": "plain",
                "computed": true
              },
              "status": {
                "type": "string",
                "description": "Eip status",
                "description_kind": "plain",
                "computed": true
              },
              "tags": {
                "type": [
                  "map",
                  "string"
                ],
                "description": "Tags, do not support modify",
                "description_kind": "plain",
                "optional": true
              }
            },
            "block_types": {
              "timeouts": {
                "nesting_mode": "single",
                "block": {
                  "attributes": {
                    "create": {
                      "type": "string",
                      "description_kind": "plain",
                      "optional": true
                    },
                    "delete": {
                      "type": "string",
                      "description_kind": "plain",
                      "optional": true
                    },
                    "update": {
                      "type": "string",
                      "description_kind": "plain",
                      "optional": true
                    }
                  },
                  "description_kind": "plain"
                }
              }
            },
            "description_kind": "plain"
          }
        },
        "baiducloud_eip_association": {
          "version": 0,
          "block": {
            "attributes": {
              "eip": {
                "type": "string",
                "description": "EIP which need to associate with instance",
                "description_kind": "plain",
                "required": true
              },
              "id": {
                "type": "string",
                "description_kind": "plain",
                "optional": true,
                "computed": true
              },
              "instance_id": {
                "type": "string",
                "description": "Instance ID which need to associate with EIP",
                "description_kind": "plain",
                "required": true
              },
              "instance_type": {
                "type": "string",
                "description": "Instance type which need to associate with EIP, support BCC/BLB/NAT/VPN",
                "description_kind": "plain",
                "required": true
              }
            },
            "block_types": {
              "timeouts": {
                "nesting_mode": "single",
                "block": {
                  "attributes": {
                    "create": {
                      "type": "string",
                      "description_kind": "plain",
                      "optional": true
                    },
                    "delete": {
                      "type": "string",
                      "description_kind": "plain",
                      "optional": true
                    },
                    "update": {
                      "type": "string",
                      "description_kind": "plain",
                      "optional": true
                    }
                  },
                  "description_kind": "plain"
                }
              }
            },
            "description_kind": "plain"
          }
        },
        "baiducloud_eni": {
          "version": 0,
          "block": {
            "attributes": {
              "created_time": {
                "type": "string",
                "description": "ENI create time",
                "description_kind": "plain",
                "computed": true
              },
              "description": {
                "type": "string",
                "description": "Description of the ENI",
                "description_kind": "plain",
                "optional": true
              },
              "enterprise_security_group_ids": {
                "type": [
                  "list",
                  "string"
                ],
                "description": "Specifies the set of bound enterprise security group IDs",
                "description_kind": "plain",
                "optional": true
              },
              "id": {
                "type": "string",
                "description_kind": "plain",
                "optional": true,
                "computed": true
              },
              "instance_id": {
                "type": "string",
                "description": "Instance ID the ENI bind",
                "description_kind": "plain",
                "computed": true
              },
              "mac_address": {
                "type": "string",
                "description": "Mac address of the ENI",
                "description_kind": "plain",
                "computed": true
              },
              "name": {
                "type": "string",
                "description": "Name of the ENI. Support for uppercase and lowercase letters, numbers, Chinese and special characters, such as \"-\",\"_\",\"/\",\".\", the value must start with a letter, length 1-65.",
                "description_kind": "plain",
                "required": true
              },
              "security_group_ids": {
                "type": [
                  "list",
                  "string"
                ],
                "description": "Specifies the set of bound security group IDs",
                "description_kind": "plain",
                "required": true
              },
              "status": {
                "type": "string",
                "description": "Status of ENI, may be inuse, binding, unbinding, available",
                "description_kind": "plain",
                "computed": true
              },
              "subnet_id": {
                "type": "string",
                "description": "Subnet ID which ENI belong to",
                "description_kind": "plain",
                "required": true
              },
              "vpc_id": {
                "type": "string",
                "description": "VPC id which the ENI belong to",
                "description_kind": "plain",
                "computed": true
              },
              "zone_name": {
                "type": "string",
                "description": "Availability zone name which ENI belong to",
                "description_kind": "plain",
                "computed": true
              }
            },
            "block_types": {
              "private_ip": {
                "nesting_mode": "list",
                "block": {
                  "attributes": {
                    "primary": {
                      "type": "bool",
                      "description": "True or false, true mean it is primary IP, it's private IP address can not modify, only one primary IP in a ENI",
                      "description_kind": "plain",
                      "required": true
                    },
                    "private_ip_address": {
                      "type": "string",
                      "description": "Intranet IP address of the ENI",
                      "description_kind": "plain",
                      "required": true
                    },
                    "public_ip_address": {
                      "type": "string",
                      "description": "The public IP address of the ENI, that is, the eip address",
                      "description_kind": "plain",
                      "optional": true
                    }
                  },
                  "description": "Specified intranet IP information",
                  "description_kind": "plain"
                },
                "min_items": 1
              },
              "timeouts": {
                "nesting_mode": "single",
                "block": {
                  "attributes": {
                    "create": {
                      "type": "string",
                      "description_kind": "plain",
                      "optional": true
                    },
                    "delete": {
                      "type": "string",
                      "description_kind": "plain",
                      "optional": true
                    },
                    "update": {
                      "type": "string",
                      "description_kind": "plain",
                      "optional": true
                    }
                  },
                  "description_kind": "plain"
                }
              }
            },
            "description_kind": "plain"
          }
        },
        "baiducloud_eni_attachment": {
          "version": 0,
          "block": {
            "attributes": {
              "eni_id": {
                "type": "string",
                "description": "Eni ID",
                "description_kind": "plain",
                "required": true
              },
              "id": {
                "type": "string",
                "description_kind": "plain",
                "optional": true,
                "computed": true
              },
              "instance_id": {
                "type": "string",
                "description": "Instance ID",
                "description_kind": "plain",
                "required": true
              }
            },
            "block_types": {
              "timeouts": {
                "nesting_mode": "single",
                "block": {
                  "attributes": {
                    "create": {
                      "type": "string",
                      "description_kind": "plain",
                      "optional": true
                    },
                    "delete": {
                      "type": "string",
                      "description_kind": "plain",
                      "optional": true
                    },
                    "update": {
                      "type": "string",
                      "description_kind": "plain",
                      "optional": true
                    }
                  },
                  "description_kind": "plain"
                }
              }
            },
            "description_kind": "plain"
          }
        },
        "baiducloud_iam_group": {
          "version": 0,
          "block": {
            "attributes": {
              "description": {
                "type": "string",
                "description": "Description of the group.",
                "description_kind": "plain",
                "optional": true
              },
              "force_destroy": {
                "type": "bool",
                "description": "Delete group and its related user memberships and policy attachments.",
                "description_kind": "plain",
                "optional": true
              },
              "id": {
                "type": "string",
                "description_kind": "plain",
                "optional": true,
                "computed": true
              },
              "name": {
                "type": "string",
                "description": "Name of group.",
                "description_kind": "plain",
                "required": true
              },
              "unique_id": {
                "type": "string",
                "description": "Unique ID of group.",
                "description_kind": "plain",
                "computed": true
              }
            },
            "block_types": {
              "timeouts": {
                "nesting_mode": "single",
                "block": {
                  "attributes": {
                    "create": {
                      "type": "string",
                      "description_kind": "plain",
                      "optional": true
                    },
                    "delete": {
                      "type": "string",
                      "description_kind": "plain",
                      "optional": true
                    },
                    "update": {
                      "type": "string",
                      "description_kind": "plain",
                      "optional": true
                    }
                  },
                  "description_kind": "plain"
                }
              }
            },
            "description_kind": "plain"
          }
        },
        "baiducloud_iam_group_membership": {
          "version": 0,
          "block": {
            "attributes": {
              "group": {
                "type": "string",
                "description": "Name of group.",
                "description_kind": "plain",
                "required": true
              },
              "id": {
                "type": "string",
                "description_kind": "plain",
                "optional": true,
                "computed": true
              },
              "users": {
                "type": [
                  "set",
                  "string"
                ],
                "description": "Names of users to add into group.",
                "description_kind": "plain",
                "required": true
              }
            },
            "block_types": {
              "timeouts": {
                "nesting_mode": "single",
                "block": {
                  "attributes": {
                    "create": {
                      "type": "string",
                      "description_kind": "plain",
                      "optional": true
                    },
                    "delete": {
                      "type": "string",
                      "description_kind": "plain",
                      "optional": true
                    },
                    "update": {
                      "type": "string",
                      "description_kind": "plain",
                      "optional": true
                    }
                  },
                  "description_kind": "plain"
                }
              }
            },
            "description_kind": "plain"
          }
        },
        "baiducloud_iam_group_policy_attachment": {
          "version": 0,
          "block": {
            "attributes": {
              "group": {
                "type": "string",
                "description": "Name of group.",
                "description_kind": "plain",
                "required": true
              },
              "id": {
                "type": "string",
                "description_kind": "plain",
                "optional": true,
                "computed": true
              },
              "policy": {
                "type": "string",
                "description": "Name of policy.",
                "description_kind": "plain",
                "required": true
              },
              "policy_type": {
                "type": "string",
                "description": "Type of policy, valid values are Custom/System.",
                "description_kind": "plain",
                "optional": true
              }
            },
            "block_types": {
              "timeouts": {
                "nesting_mode": "single",
                "block": {
                  "attributes": {
                    "create": {
                      "type": "string",
                      "description_kind": "plain",
                      "optional": true
                    },
                    "delete": {
                      "type": "string",
                      "description_kind": "plain",
                      "optional": true
                    },
                    "update": {
                      "type": "string",
                      "description_kind": "plain",
                      "optional": true
                    }
                  },
                  "description_kind": "plain"
                }
              }
            },
            "description_kind": "plain"
          }
        },
        "baiducloud_iam_policy": {
          "version": 0,
          "block": {
            "attributes": {
              "description": {
                "type": "string",
                "description": "Description of the policy.",
                "description_kind": "plain",
                "optional": true
              },
              "document": {
                "type": "string",
                "description": "Json serialized ACL string.",
                "description_kind": "plain",
                "required": true
              },
              "id": {
                "type": "string",
                "description_kind": "plain",
                "optional": true,
                "computed": true
              },
              "name": {
                "type": "string",
                "description": "Name of policy.",
                "description_kind": "plain",
                "required": true
              },
              "unique_id": {
                "type": "string",
                "description": "Unique ID of policy.",
                "description_kind": "plain",
                "computed": true
              }
            },
            "block_types": {
              "timeouts": {
                "nesting_mode": "single",
                "block": {
                  "attributes": {
                    "create": {
                      "type": "string",
                      "description_kind": "plain",
                      "optional": true
                    },
                    "delete": {
                      "type": "string",
                      "description_kind": "plain",
                      "optional": true
                    },
                    "update": {
                      "type": "string",
                      "description_kind": "plain",
                      "optional": true
                    }
                  },
                  "description_kind": "plain"
                }
              }
            },
            "description_kind": "plain"
          }
        },
        "baiducloud_iam_user": {
          "version": 0,
          "block": {
            "attributes": {
              "description": {
                "type": "string",
                "description": "Description of the user.",
                "description_kind": "plain",
                "optional": true
              },
              "force_destroy": {
                "type": "bool",
                "description": "Delete user and its related access keys, group memberships and policy attachments.",
                "description_kind": "plain",
                "optional": true
              },
              "id": {
                "type": "string",
                "description_kind": "plain",
                "optional": true,
                "computed": true
              },
              "name": {
                "type": "string",
                "description": "Name of user.",
                "description_kind": "plain",
                "required": true
              },
              "unique_id": {
                "type": "string",
                "description": "Unique ID of user.",
                "description_kind": "plain",
                "computed": true
              }
            },
            "block_types": {
              "timeouts": {
                "nesting_mode": "single",
                "block": {
                  "attributes": {
                    "create": {
                      "type": "string",
                      "description_kind": "plain",
                      "optional": true
                    },
                    "delete": {
                      "type": "string",
                      "description_kind": "plain",
                      "optional": true
                    },
                    "update": {
                      "type": "string",
                      "description_kind": "plain",
                      "optional": true
                    }
                  },
                  "description_kind": "plain"
                }
              }
            },
            "description_kind": "plain"
          }
        },
        "baiducloud_iam_user_policy_attachment": {
          "version": 0,
          "block": {
            "attributes": {
              "id": {
                "type": "string",
                "description_kind": "plain",
                "optional": true,
                "computed": true
              },
              "policy": {
                "type": "string",
                "description": "Name of policy.",
                "description_kind": "plain",
                "required": true
              },
              "policy_type": {
                "type": "string",
                "description": "Type of policy, valid values are Custom/System.",
                "description_kind": "plain",
                "optional": true
              },
              "user": {
                "type": "string",
                "description": "Name of user.",
                "description_kind": "plain",
                "required": true
              }
            },
            "block_types": {
              "timeouts": {
                "nesting_mode": "single",
                "block": {
                  "attributes": {
                    "create": {
                      "type": "string",
                      "description_kind": "plain",
                      "optional": true
                    },
                    "delete": {
                      "type": "string",
                      "description_kind": "plain",
                      "optional": true
                    },
                    "update": {
                      "type": "string",
                      "description_kind": "plain",
                      "optional": true
                    }
                  },
                  "description_kind": "plain"
                }
              }
            },
            "description_kind": "plain"
          }
        },
        "baiducloud_instance": {
          "version": 0,
          "block": {
            "attributes": {
              "action": {
                "type": "string",
                "description": "Start or stop the instance, which can only be start or stop, default start.",
                "description_kind": "plain",
                "optional": true
              },
              "admin_pass": {
                "type": "string",
                "description": "Password of the instance to be started. This value should be 8-16 characters, and English, numbers and symbols must exist at the same time. The symbols is limited to \"!@#$%^*()\".",
                "description_kind": "plain",
                "optional": true,
                "sensitive": true
              },
              "auto_renew": {
                "type": "bool",
                "description": "Whether to automatically renew.",
                "description_kind": "plain",
                "computed": true
              },
              "auto_renew_time_length": {
                "type": "number",
                "description": "The time length of automatic renewal. It is valid when payment_timing is Prepaid, and the value should be 1-9 when the auto_renew_time_unit is month and 1-3 when the auto_renew_time_unit is year. Default to 1.",
                "description_kind": "plain",
                "optional": true
              },
              "auto_renew_time_unit": {
                "type": "string",
                "description": "Time unit of automatic renewal, the value can be month or year. The default value is empty, indicating no automatic renewal. It is valid only when the payment_timing is Prepaid.",
                "description_kind": "plain",
                "optional": true
              },
              "availability_zone": {
                "type": "string",
                "description": "Availability zone to start the instance in.",
                "description_kind": "plain",
                "optional": true,
                "computed": true
              },
              "card_count": {
                "type": "string",
                "description": "Count of the GPU cards or FPGA cards to be carried for the instance to be created, it is valid only when the gpu_card or fpga_card field is not empty.",
                "description_kind": "plain",
                "optional": true
              },
              "cds_auto_renew": {
                "type": "bool",
                "description": "Whether the cds is automatically renewed. It is valid when payment_timing is Prepaid. Default to false.",
                "description_kind": "plain",
                "optional": true
              },
              "cpu_count": {
                "type": "number",
                "description": "Number of CPU cores to be created for the instance.",
                "description_kind": "plain",
                "optional": true
              },
              "create_time": {
                "type": "string",
                "description": "Create time of the instance.",
                "description_kind": "plain",
                "computed": true
              },
              "dedicate_host_id": {
                "type": "string",
                "description": "The ID of dedicated host.",
                "description_kind": "plain",
                "optional": true
              },
              "delete_cds_snapshot_flag": {
                "type": "bool",
                "description": "Whether to release the cds disk snapshots, default to false. It is effective only when the related_release_flag is true.",
                "description_kind": "plain",
                "optional": true
              },
              "deploy_set_ids": {
                "type": [
                  "set",
                  "string"
                ],
                "description": "Deploy set ids the instance belong to",
                "description_kind": "plain",
                "optional": true
              },
              "description": {
                "type": "string",
                "description": "Description of the instance.",
                "description_kind": "plain",
                "optional": true
              },
              "expire_time": {
                "type": "string",
                "description": "Expire time of the instance.",
                "description_kind": "plain",
                "computed": true
              },
              "fpga_card": {
                "type": "string",
                "description": "FPGA card of the instance.",
                "description_kind": "plain",
                "optional": true
              },
              "gpu_card": {
                "type": "string",
                "description": "GPU card of the instance.",
                "description_kind": "plain",
                "optional": true
              },
              "hostname": {
                "type": "string",
                "description": "Hostname of the instance.",
                "description_kind": "plain",
                "optional": true,
                "computed": true
              },
              "id": {
                "type": "string",
                "description_kind": "plain",
                "optional": true,
                "computed": true
              },
              "image_id": {
                "type": "string",
                "description": "ID of the image to be used for the instance.",
                "description_kind": "plain",
                "required": true
              },
              "instance_spec": {
                "type": "string",
                "description": "spec",
                "description_kind": "plain",
                "optional": true,
                "computed": true
              },
              "instance_type": {
                "type": "string",
                "description": "Type of the instance to start. Available values are N1, N2, N3, N4, N5, C1, C2, S1, G1, F1. Default to N3.",
                "description_kind": "plain",
                "optional": true
              },
              "internal_ip": {
                "type": "string",
                "description": "Internal IP assigned to the instance.",
                "description_kind": "plain",
                "computed": true
              },
              "is_open_hostname_domain": {
                "type": "bool",
                "description": "Whether to automatically generate hostname domain.",
                "description_kind": "plain",
                "optional": true
              },
              "keypair_id": {
                "type": "string",
                "description": "Key pair id of the instance.",
                "description_kind": "plain",
                "optional": true,
                "computed": true
              },
              "keypair_name": {
                "type": "string",
                "description": "Key pair name of the instance.",
                "description_kind": "plain",
                "computed": true
              },
              "memory_capacity_in_gb": {
                "type": "number",
                "description": "Memory capacity(GB) of the instance to be created.",
                "description_kind": "plain",
                "optional": true
              },
              "name": {
                "type": "string",
                "description": "Name of the instance. Support for uppercase and lowercase letters, numbers, Chinese and special characters, such as \"-\",\"_\",\"/\",\".\", the value must start with a letter, length 1-65.",
                "description_kind": "plain",
                "optional": true,
                "computed": true
              },
              "network_capacity_in_mbps": {
                "type": "number",
                "description": "Public network bandwidth(Mbps) of the instance.",
                "description_kind": "plain",
                "computed": true
              },
              "payment_timing": {
                "type": "string",
                "description": "Payment timing of billing, which can be Prepaid or Postpaid. The default is Postpaid.",
                "description_kind": "plain",
                "optional": true
              },
              "placement_policy": {
                "type": "string",
                "description": "The placement policy of the instance, which can be default or dedicatedHost.",
                "description_kind": "plain",
                "computed": true
              },
              "public_ip": {
                "type": "string",
                "description": "Public IP",
                "description_kind": "plain",
                "computed": true
              },
              "related_release_flag": {
                "type": "bool",
                "description": "Whether to release the eip and data disks mounted by the current instance. Can only be released uniformly or not. Default to false.",
                "description_kind": "plain",
                "optional": true
              },
              "relation_tag": {
                "type": "bool",
                "description": "The new instance associated with existing Tags or not, default false. The Tags should already exit if set true",
                "description_kind": "plain",
                "optional": true
              },
              "reservation": {
                "type": [
                  "map",
                  "string"
                ],
                "description": "Reservation of the instance.",
                "description_kind": "plain",
                "optional": true
              },
              "root_disk_size_in_gb": {
                "type": "number",
                "description": "System disk size(GB) of the instance to be created. The value range is [40,500]GB, Default to 40GB, and more than 40GB is charged according to the cloud disk price. Note that the specified system disk size needs to meet the minimum disk space limit of the mirror used.",
                "description_kind": "plain",
                "optional": true
              },
              "root_disk_storage_type": {
                "type": "string",
                "description": "System disk storage type of the instance. Available values are std1, hp1, cloud_hp1, local, sata, ssd. Default to cloud_hp1.",
                "description_kind": "plain",
                "optional": true
              },
              "security_groups": {
                "type": [
                  "set",
                  "string"
                ],
                "description": "Security groups of the instance.",
                "description_kind": "plain",
                "optional": true,
                "computed": true
              },
              "status": {
                "type": "string",
                "description": "Status of the instance.",
                "description_kind": "plain",
                "computed": true
              },
              "subnet_id": {
                "type": "string",
                "description": "The subnet ID of VPC. The default subnet will be used when it is empty. The instance will restart after changing the subnet.",
                "description_kind": "plain",
                "optional": true,
                "computed": true
              },
              "tags": {
                "type": [
                  "map",
                  "string"
                ],
                "description": "Tags, do not support modify",
                "description_kind": "plain",
                "optional": true
              },
              "user_data": {
                "type": "string",
                "description": "User Data",
                "description_kind": "plain",
                "optional": true
              },
              "vpc_id": {
                "type": "string",
                "description": "VPC ID of the instance.",
                "description_kind": "plain",
                "computed": true
              }
            },
            "block_types": {
              "cds_disks": {
                "nesting_mode": "list",
                "block": {
                  "attributes": {
                    "cds_size_in_gb": {
                      "type": "number",
                      "description": "The size(GB) of CDS.",
                      "description_kind": "plain",
                      "optional": true
                    },
                    "snapshot_id": {
                      "type": "string",
                      "description": "Snapshot ID of CDS.",
                      "description_kind": "plain",
                      "optional": true
                    },
                    "storage_type": {
                      "type": "string",
                      "description": "Storage type of the CDS.",
                      "description_kind": "plain",
                      "optional": true
                    }
                  },
                  "description": "CDS disks of the instance.",
                  "description_kind": "plain"
                },
                "max_items": 5
              },
              "ephemeral_disks": {
                "nesting_mode": "list",
                "block": {
                  "attributes": {
                    "size_in_gb": {
                      "type": "number",
                      "description": "Size(GB) of the ephemeral disk.",
                      "description_kind": "plain",
                      "optional": true
                    },
                    "storage_type": {
                      "type": "string",
                      "description": "Storage type of the ephemeral disk. Available values are std1, hp1, cloud_hp1, local, sata, ssd. Default to cloud_hp1.",
                      "description_kind": "plain",
                      "optional": true
                    }
                  },
                  "description": "Ephemeral disks of the instance.",
                  "description_kind": "plain"
                },
                "max_items": 15
              },
              "timeouts": {
                "nesting_mode": "single",
                "block": {
                  "attributes": {
                    "create": {
                      "type": "string",
                      "description_kind": "plain",
                      "optional": true
                    },
                    "delete": {
                      "type": "string",
                      "description_kind": "plain",
                      "optional": true
                    },
                    "update": {
                      "type": "string",
                      "description_kind": "plain",
                      "optional": true
                    }
                  },
                  "description_kind": "plain"
                }
              }
            },
            "description_kind": "plain"
          }
        },
        "baiducloud_localdns_privatezone": {
          "version": 0,
          "block": {
            "attributes": {
              "create_time": {
                "type": "string",
                "description": "Creation time of the DNS local PrivateZone.",
                "description_kind": "plain",
                "computed": true
              },
              "id": {
                "type": "string",
                "description_kind": "plain",
                "optional": true,
                "computed": true
              },
              "record_count": {
                "type": "number",
                "description": "record_count of the DNS local PrivateZone.",
                "description_kind": "plain",
                "computed": true
              },
              "update_time": {
                "type": "string",
                "description": "update time of the DNS local PrivateZone.",
                "description_kind": "plain",
                "computed": true
              },
              "zone_name": {
                "type": "string",
                "description": "name of the DNS local PrivateZone",
                "description_kind": "plain",
                "required": true
              }
            },
            "block_types": {
              "timeouts": {
                "nesting_mode": "single",
                "block": {
                  "attributes": {
                    "create": {
                      "type": "string",
                      "description_kind": "plain",
                      "optional": true
                    },
                    "delete": {
                      "type": "string",
                      "description_kind": "plain",
                      "optional": true
                    },
                    "update": {
                      "type": "string",
                      "description_kind": "plain",
                      "optional": true
                    }
                  },
                  "description_kind": "plain"
                }
              }
            },
            "description_kind": "plain"
          }
        },
        "baiducloud_localdns_record": {
          "version": 0,
          "block": {
            "attributes": {
              "description": {
                "type": "string",
                "description": "description of record",
                "description_kind": "plain",
                "optional": true
              },
              "id": {
                "type": "string",
                "description_kind": "plain",
                "optional": true,
                "computed": true
              },
              "priority": {
                "type": "number",
                "description": "priority,when the record type is NOT MX,priority should be 0",
                "description_kind": "plain",
                "optional": true
              },
              "record_id": {
                "type": "string",
                "description": "Id of private zone dns record",
                "description_kind": "plain",
                "computed": true
              },
              "rr": {
                "type": "string",
                "description": "rr",
                "description_kind": "plain",
                "required": true
              },
              "status": {
                "type": "string",
                "description": "status of record,enable or disable",
                "description_kind": "plain",
                "optional": true
              },
              "ttl": {
                "type": "number",
                "description": "ttl",
                "description_kind": "plain",
                "optional": true
              },
              "type": {
                "type": "string",
                "description": "record type",
                "description_kind": "plain",
                "required": true
              },
              "value": {
                "type": "string",
                "description": "record value",
                "description_kind": "plain",
                "required": true
              },
              "zone_id": {
                "type": "string",
                "description": "Id of private zone.",
                "description_kind": "plain",
                "required": true
              }
            },
            "block_types": {
              "timeouts": {
                "nesting_mode": "single",
                "block": {
                  "attributes": {
                    "create": {
                      "type": "string",
                      "description_kind": "plain",
                      "optional": true
                    },
                    "delete": {
                      "type": "string",
                      "description_kind": "plain",
                      "optional": true
                    },
                    "update": {
                      "type": "string",
                      "description_kind": "plain",
                      "optional": true
                    }
                  },
                  "description_kind": "plain"
                }
              }
            },
            "description_kind": "plain"
          }
        },
        "baiducloud_localdns_vpc": {
          "version": 0,
          "block": {
            "attributes": {
              "bind_vpcs": {
                "type": [
                  "list",
                  [
                    "object",
                    {
                      "vpc_id": "string",
                      "vpc_name": "string",
                      "vpc_region": "string"
                    }
                  ]
                ],
                "description": "privatezone bind vpcs",
                "description_kind": "plain",
                "computed": true
              },
              "id": {
                "type": "string",
                "description_kind": "plain",
                "optional": true,
                "computed": true
              },
              "region": {
                "type": "string",
                "description": "region of the DNS  vpc",
                "description_kind": "plain",
                "required": true
              },
              "vpc_ids": {
                "type": [
                  "set",
                  "string"
                ],
                "description": "vpc_ids  of the DNS  vpc.",
                "description_kind": "plain",
                "required": true
              },
              "zone_id": {
                "type": "string",
                "description": "zone_id of the DNS privatezone ",
                "description_kind": "plain",
                "required": true
              }
            },
            "block_types": {
              "timeouts": {
                "nesting_mode": "single",
                "block": {
                  "attributes": {
                    "create": {
                      "type": "string",
                      "description_kind": "plain",
                      "optional": true
                    },
                    "delete": {
                      "type": "string",
                      "description_kind": "plain",
                      "optional": true
                    },
                    "update": {
                      "type": "string",
                      "description_kind": "plain",
                      "optional": true
                    }
                  },
                  "description_kind": "plain"
                }
              }
            },
            "description_kind": "plain"
          }
        },
        "baiducloud_nat_gateway": {
          "version": 0,
          "block": {
            "attributes": {
              "billing": {
                "type": [
                  "map",
                  "string"
                ],
                "description": "Billing information of the NAT gateway.",
                "description_kind": "plain",
                "required": true
              },
              "cu_num": {
                "type": "string",
                "description": "cu num.",
                "description_kind": "plain",
                "optional": true
              },
              "eips": {
                "type": [
                  "set",
                  "string"
                ],
                "description": "One public network EIP associated with the NAT gateway or one or more EIPs in the shared bandwidth.",
                "description_kind": "plain",
                "computed": true
              },
              "expired_time": {
                "type": "string",
                "description": "Expired time of the NAT gateway, which will be empty when the payment_timing is Postpaid.",
                "description_kind": "plain",
                "computed": true
              },
              "id": {
                "type": "string",
                "description_kind": "plain",
                "optional": true,
                "computed": true
              },
              "name": {
                "type": "string",
                "description": "Name of the NAT gateway, consisting of uppercase and lowercase letters、numbers and special characters, such as \"-\",\"_\",\"/\",\".\". The value must start with a letter, and the length should between 1-65.",
                "description_kind": "plain",
                "required": true
              },
              "spec": {
                "type": "string",
                "description": "Specification of the NAT gateway, available values are small(supports up to 5 public IPs), medium(up to 10 public IPs) and large(up to 15 public IPs). Default to small.",
                "description_kind": "plain",
                "optional": true
              },
              "status": {
                "type": "string",
                "description": "Status of the NAT gateway.",
                "description_kind": "plain",
                "computed": true
              },
              "vpc_id": {
                "type": "string",
                "description": "VPC ID of the NAT gateway.",
                "description_kind": "plain",
                "required": true
              }
            },
            "block_types": {
              "timeouts": {
                "nesting_mode": "single",
                "block": {
                  "attributes": {
                    "create": {
                      "type": "string",
                      "description_kind": "plain",
                      "optional": true
                    },
                    "delete": {
                      "type": "string",
                      "description_kind": "plain",
                      "optional": true
                    },
                    "update": {
                      "type": "string",
                      "description_kind": "plain",
                      "optional": true
                    }
                  },
                  "description_kind": "plain"
                }
              }
            },
            "description_kind": "plain"
          }
        },
        "baiducloud_nat_snat_rule": {
          "version": 0,
          "block": {
            "attributes": {
              "id": {
                "type": "string",
                "description_kind": "plain",
                "optional": true,
                "computed": true
              },
              "nat_id": {
                "type": "string",
                "description": "ID of NAT Gateway.",
                "description_kind": "plain",
                "required": true
              },
              "public_ips_address": {
                "type": [
                  "set",
                  "string"
                ],
                "description": "Public network IPs, EIPs associated on the NAT gateway SNAT or IPs in the shared bandwidth.",
                "description_kind": "plain",
                "required": true
              },
              "rule_name": {
                "type": "string",
                "description": "Rule name, consisting of uppercase and lowercase letters、 numbers and special characters, such as \"-\"_\"/\".\". The value must start with a letter, and the length should between 1-65.",
                "description_kind": "plain",
                "required": true
              },
              "source_cidr": {
                "type": "string",
                "description": "Intranet IP/segment.",
                "description_kind": "plain",
                "required": true
              }
            },
            "block_types": {
              "timeouts": {
                "nesting_mode": "single",
                "block": {
                  "attributes": {
                    "create": {
                      "type": "string",
                      "description_kind": "plain",
                      "optional": true
                    },
                    "delete": {
                      "type": "string",
                      "description_kind": "plain",
                      "optional": true
                    },
                    "update": {
                      "type": "string",
                      "description_kind": "plain",
                      "optional": true
                    }
                  },
                  "description_kind": "plain"
                }
              }
            },
            "description_kind": "plain"
          }
        },
        "baiducloud_peer_conn": {
          "version": 0,
          "block": {
            "attributes": {
              "bandwidth_in_mbps": {
                "type": "number",
                "description": "Bandwidth(Mbps) of the peer connection.",
                "description_kind": "plain",
                "required": true
              },
              "billing": {
                "type": [
                  "map",
                  "string"
                ],
                "description": "Billing information of the peer connection.",
                "description_kind": "plain",
                "required": true
              },
              "created_time": {
                "type": "string",
                "description": "Created time of the peer connection.",
                "description_kind": "plain",
                "computed": true
              },
              "description": {
                "type": "string",
                "description": "Description of the peer connection.",
                "description_kind": "plain",
                "optional": true
              },
              "dns_status": {
                "type": "string",
                "description": "DNS status of the peer connection.",
                "description_kind": "plain",
                "computed": true
              },
              "dns_sync": {
                "type": "bool",
                "description": "Whether to open the switch of dns synchronization.",
                "description_kind": "plain",
                "optional": true
              },
              "expired_time": {
                "type": "string",
                "description": "Expired time of the peer connection, which will be empty when the payment_timing is Postpaid.",
                "description_kind": "plain",
                "computed": true
              },
              "id": {
                "type": "string",
                "description_kind": "plain",
                "optional": true,
                "computed": true
              },
              "local_if_id": {
                "type": "string",
                "description": "Local interface ID of the peer connection.",
                "description_kind": "plain",
                "computed": true
              },
              "local_if_name": {
                "type": "string",
                "description": "Local interface name of the peer connection.",
                "description_kind": "plain",
                "optional": true,
                "computed": true
              },
              "local_vpc_id": {
                "type": "string",
                "description": "Local VPC ID of the peer connection.",
                "description_kind": "plain",
                "required": true
              },
              "peer_account_id": {
                "type": "string",
                "description": "Peer account ID of the peer VPC, which is required only when creating a peer connection across accounts.",
                "description_kind": "plain",
                "optional": true,
                "computed": true
              },
              "peer_if_name": {
                "type": "string",
                "description": "Peer interface name of the peer connection, which is allowed to be set only when the peer connection within this account.",
                "description_kind": "plain",
                "optional": true
              },
              "peer_region": {
                "type": "string",
                "description": "Peer region of the peer connection.",
                "description_kind": "plain",
                "required": true
              },
              "peer_vpc_id": {
                "type": "string",
                "description": "Peer VPC ID of the peer connection.",
                "description_kind": "plain",
                "required": true
              },
              "role": {
                "type": "string",
                "description": "Role of the peer connection, which can be initiator or acceptor.",
                "description_kind": "plain",
                "computed": true
              },
              "status": {
                "type": "string",
                "description": "Status of the peer connection.",
                "description_kind": "plain",
                "computed": true
              }
            },
            "block_types": {
              "timeouts": {
                "nesting_mode": "single",
                "block": {
                  "attributes": {
                    "create": {
                      "type": "string",
                      "description_kind": "plain",
                      "optional": true
                    },
                    "delete": {
                      "type": "string",
                      "description_kind": "plain",
                      "optional": true
                    },
                    "update": {
                      "type": "string",
                      "description_kind": "plain",
                      "optional": true
                    }
                  },
                  "description_kind": "plain"
                }
              }
            },
            "description_kind": "plain"
          }
        },
        "baiducloud_peer_conn_acceptor": {
          "version": 0,
          "block": {
            "attributes": {
              "auto_accept": {
                "type": "bool",
                "description": "Whether to accept the peer connection request, default to false.",
                "description_kind": "plain",
                "optional": true
              },
              "auto_reject": {
                "type": "bool",
                "description": "Whether to reject the peer connection request, default to false.",
                "description_kind": "plain",
                "optional": true
              },
              "bandwidth_in_mbps": {
                "type": "number",
                "description": "Bandwidth(Mbps) of the peer connection.",
                "description_kind": "plain",
                "computed": true
              },
              "billing": {
                "type": [
                  "map",
                  "string"
                ],
                "description": "Billing information of the peer connection.",
                "description_kind": "plain",
                "computed": true
              },
              "created_time": {
                "type": "string",
                "description": "Created time of the peer connection.",
                "description_kind": "plain",
                "computed": true
              },
              "description": {
                "type": "string",
                "description": "Description of the peer connection.",
                "description_kind": "plain",
                "computed": true
              },
              "dns_status": {
                "type": "string",
                "description": "DNS status of the peer connection.",
                "description_kind": "plain",
                "computed": true
              },
              "dns_sync": {
                "type": "bool",
                "description": "Whether to open the switch of dns synchronization.",
                "description_kind": "plain",
                "optional": true
              },
              "expired_time": {
                "type": "string",
                "description": "Expired time of the peer connection, which will be empty when the payment_timing is Postpaid.",
                "description_kind": "plain",
                "computed": true
              },
              "id": {
                "type": "string",
                "description_kind": "plain",
                "optional": true,
                "computed": true
              },
              "local_if_id": {
                "type": "string",
                "description": "Local interface ID of the peer connection.",
                "description_kind": "plain",
                "computed": true
              },
              "local_if_name": {
                "type": "string",
                "description": "Local interface name of the peer connection.",
                "description_kind": "plain",
                "computed": true
              },
              "local_vpc_id": {
                "type": "string",
                "description": "Local VPC ID of the peer connection.",
                "description_kind": "plain",
                "computed": true
              },
              "peer_account_id": {
                "type": "string",
                "description": "Peer account ID of the peer VPC, which is required only when creating a peer connection across accounts.",
                "description_kind": "plain",
                "computed": true
              },
              "peer_conn_id": {
                "type": "string",
                "description": "ID of the peer connection.",
                "description_kind": "plain",
                "required": true
              },
              "peer_if_name": {
                "type": "string",
                "description": "Peer interface name of the peer connection, which is allowed to be set only when the peer connection within this account.",
                "description_kind": "plain",
                "computed": true
              },
              "peer_region": {
                "type": "string",
                "description": "Peer region of the peer connection.",
                "description_kind": "plain",
                "computed": true
              },
              "peer_vpc_id": {
                "type": "string",
                "description": "Peer VPC ID of the peer connection.",
                "description_kind": "plain",
                "computed": true
              },
              "role": {
                "type": "string",
                "description": "Role of the peer connection, which can be initiator or acceptor.",
                "description_kind": "plain",
                "computed": true
              },
              "status": {
                "type": "string",
                "description": "Status of the peer connection.",
                "description_kind": "plain",
                "computed": true
              }
            },
            "block_types": {
              "timeouts": {
                "nesting_mode": "single",
                "block": {
                  "attributes": {
                    "create": {
                      "type": "string",
                      "description_kind": "plain",
                      "optional": true
                    },
                    "delete": {
                      "type": "string",
                      "description_kind": "plain",
                      "optional": true
                    },
                    "update": {
                      "type": "string",
                      "description_kind": "plain",
                      "optional": true
                    }
                  },
                  "description_kind": "plain"
                }
              }
            },
            "description_kind": "plain"
          }
        },
        "baiducloud_rds_account": {
          "version": 0,
          "block": {
            "attributes": {
              "account_name": {
                "type": "string",
                "description": "Account name.",
                "description_kind": "plain",
                "required": true
              },
              "account_type": {
                "type": "string",
                "description": "Type of the Account, Available values are Common、Super. The default is Common",
                "description_kind": "plain",
                "optional": true,
                "computed": true
              },
              "desc": {
                "type": "string",
                "description": "description.",
                "description_kind": "plain",
                "optional": true,
                "computed": true
              },
              "id": {
                "type": "string",
                "description_kind": "plain",
                "optional": true,
                "computed": true
              },
              "instance_id": {
                "type": "string",
                "description": "ID of the rds instance.",
                "description_kind": "plain",
                "required": true
              },
              "password": {
                "type": "string",
                "description": "Operation password.",
                "description_kind": "plain",
                "required": true,
                "sensitive": true
              },
              "status": {
                "type": "string",
                "description": "Status of the Account.",
                "description_kind": "plain",
                "computed": true
              }
            },
            "description_kind": "plain"
          }
        },
        "baiducloud_rds_instance": {
          "version": 0,
          "block": {
            "attributes": {
              "address": {
                "type": "string",
                "description": "The domain used to access a instance.",
                "description_kind": "plain",
                "computed": true
              },
              "billing": {
                "type": [
                  "map",
                  "string"
                ],
                "description": "Billing information of the Rds.",
                "description_kind": "plain",
                "required": true
              },
              "category": {
                "type": "string",
                "description": "Category of the instance. Available values are Basic、Standard(Default), only SQLServer 2012sp3 support Basic.",
                "description_kind": "plain",
                "optional": true,
                "computed": true
              },
              "cpu_count": {
                "type": "number",
                "description": "The number of CPU",
                "description_kind": "plain",
                "required": true
              },
              "create_time": {
                "type": "string",
                "description": "Create time of the instance.",
                "description_kind": "plain",
                "computed": true
              },
              "disk_io_type": {
                "type": "string",
                "description": "Type of disk, Available values are normal_io,cloud_high,cloud_nor,cloud_enha",
                "description_kind": "plain",
                "required": true
              },
              "engine": {
                "type": "string",
                "description": "Engine of the instance. Available values are MySQL、SQLServer、PostgreSQL.",
                "description_kind": "plain",
                "required": true
              },
              "engine_version": {
                "type": "string",
                "description": "Engine version of the instance. MySQL support 5.5、5.6、5.7, SQLServer support 2008r2、2012sp3、2016sp1, PostgreSQL support 9.4",
                "description_kind": "plain",
                "required": true
              },
              "expire_time": {
                "type": "string",
                "description": "Expire time of the instance.",
                "description_kind": "plain",
                "computed": true
              },
              "id": {
                "type": "string",
                "description_kind": "plain",
                "optional": true,
                "computed": true
              },
              "instance_id": {
                "type": "string",
                "description": "ID of the instance.",
                "description_kind": "plain",
                "computed": true
              },
              "instance_name": {
                "type": "string",
                "description": "Name of the instance. Support for uppercase and lowercase letters, numbers, Chinese and special characters, such as \"-\",\"_\",\"/\",\".\", the value must start with a letter, length 1-65.",
                "description_kind": "plain",
                "optional": true,
                "computed": true
              },
              "instance_status": {
                "type": "string",
                "description": "Status of the instance.",
                "description_kind": "plain",
                "computed": true
              },
              "instance_type": {
                "type": "string",
                "description": "Type of the instance,  Available values are Master, ReadReplica, RdsProxy.",
                "description_kind": "plain",
                "computed": true
              },
              "memory_capacity": {
                "type": "number",
                "description": "Memory capacity(GB) of the instance.",
                "description_kind": "plain",
                "required": true
              },
              "node_amount": {
                "type": "number",
                "description": "Number of proxy node.",
                "description_kind": "plain",
                "computed": true
              },
              "payment_timing": {
                "type": "string",
                "description": "RDS payment timing",
                "description_kind": "plain",
                "computed": true
              },
              "port": {
                "type": "number",
                "description": "The port used to access a instance.",
                "description_kind": "plain",
                "computed": true
              },
              "purchase_count": {
                "type": "number",
                "description": "Count of the instance to buy",
                "description_kind": "plain",
                "optional": true
              },
              "region": {
                "type": "string",
                "description": "Region of the instance.",
                "description_kind": "plain",
                "computed": true
              },
              "tags": {
                "type": [
                  "map",
                  "string"
                ],
                "description": "Tags, do not support modify",
                "description_kind": "plain",
                "optional": true
              },
              "used_storage": {
                "type": "number",
                "description": "Memory capacity(GB) of the instance to be used.",
                "description_kind": "plain",
                "computed": true
              },
              "v_net_ip": {
                "type": "string",
                "description": "The internal ip used to access a instance.",
                "description_kind": "plain",
                "computed": true
              },
              "volume_capacity": {
                "type": "number",
                "description": "Volume capacity(GB) of the instance",
                "description_kind": "plain",
                "required": true
              },
              "vpc_id": {
                "type": "string",
                "description": "ID of the specific VPC",
                "description_kind": "plain",
                "optional": true,
                "computed": true
              },
              "zone_names": {
                "type": [
                  "list",
                  "string"
                ],
                "description": "Zone name list",
                "description_kind": "plain",
                "computed": true
              }
            },
            "block_types": {
              "subnets": {
                "nesting_mode": "list",
                "block": {
                  "attributes": {
                    "subnet_id": {
                      "type": "string",
                      "description": "ID of the subnet.",
                      "description_kind": "plain",
                      "optional": true,
                      "computed": true
                    },
                    "zone_name": {
                      "type": "string",
                      "description": "Zone name of the subnet.",
                      "description_kind": "plain",
                      "optional": true,
                      "computed": true
                    }
                  },
                  "description": "Subnets of the instance.",
                  "description_kind": "plain"
                }
              },
              "timeouts": {
                "nesting_mode": "single",
                "block": {
                  "attributes": {
                    "create": {
                      "type": "string",
                      "description_kind": "plain",
                      "optional": true
                    },
                    "delete": {
                      "type": "string",
                      "description_kind": "plain",
                      "optional": true
                    },
                    "update": {
                      "type": "string",
                      "description_kind": "plain",
                      "optional": true
                    }
                  },
                  "description_kind": "plain"
                }
              }
            },
            "description_kind": "plain"
          }
        },
        "baiducloud_rds_readonly_instance": {
          "version": 0,
          "block": {
            "attributes": {
              "address": {
                "type": "string",
                "description": "The domain used to access a instance.",
                "description_kind": "plain",
                "computed": true
              },
              "billing": {
                "type": [
                  "map",
                  "string"
                ],
                "description": "Billing information of the Rds.",
                "description_kind": "plain",
                "required": true
              },
              "category": {
                "type": "string",
                "description": "Category of the instance. Available values are Basic、Standard(Default), only SQLServer 2012sp3 support Basic.",
                "description_kind": "plain",
                "optional": true,
                "computed": true
              },
              "cpu_count": {
                "type": "number",
                "description": "The number of CPU",
                "description_kind": "plain",
                "required": true
              },
              "create_time": {
                "type": "string",
                "description": "Create time of the instance.",
                "description_kind": "plain",
                "computed": true
              },
              "expire_time": {
                "type": "string",
                "description": "Expire time of the instance.",
                "description_kind": "plain",
                "computed": true
              },
              "id": {
                "type": "string",
                "description_kind": "plain",
                "optional": true,
                "computed": true
              },
              "instance_id": {
                "type": "string",
                "description": "ID of the instance.",
                "description_kind": "plain",
                "computed": true
              },
              "instance_name": {
                "type": "string",
                "description": "Name of the instance. Support for uppercase and lowercase letters, numbers, Chinese and special characters, such as \"-\",\"_\",\"/\",\".\", the value must start with a letter, length 1-65.",
                "description_kind": "plain",
                "optional": true,
                "computed": true
              },
              "instance_status": {
                "type": "string",
                "description": "Status of the instance.",
                "description_kind": "plain",
                "computed": true
              },
              "instance_type": {
                "type": "string",
                "description": "Type of the instance,  Available values are Master, ReadReplica, RdsProxy.",
                "description_kind": "plain",
                "computed": true
              },
              "memory_capacity": {
                "type": "number",
                "description": "Memory capacity(GB) of the instance.",
                "description_kind": "plain",
                "required": true
              },
              "node_amount": {
                "type": "number",
                "description": "Number of proxy node.",
                "description_kind": "plain",
                "computed": true
              },
              "payment_timing": {
                "type": "string",
                "description": "RDS payment timing",
                "description_kind": "plain",
                "computed": true
              },
              "port": {
                "type": "number",
                "description": "The port used to access a instance.",
                "description_kind": "plain",
                "computed": true
              },
              "region": {
                "type": "string",
                "description": "Region of the instance.",
                "description_kind": "plain",
                "computed": true
              },
              "source_instance_id": {
                "type": "string",
                "description": "ID of the master instance",
                "description_kind": "plain",
                "required": true
              },
              "tags": {
                "type": [
                  "map",
                  "string"
                ],
                "description": "Tags, do not support modify",
                "description_kind": "plain",
                "optional": true
              },
              "used_storage": {
                "type": "number",
                "description": "Memory capacity(GB) of the instance to be used.",
                "description_kind": "plain",
                "computed": true
              },
              "v_net_ip": {
                "type": "string",
                "description": "The internal ip used to access a instance.",
                "description_kind": "plain",
                "computed": true
              },
              "volume_capacity": {
                "type": "number",
                "description": "Volume capacity(GB) of the instance",
                "description_kind": "plain",
                "required": true
              },
              "vpc_id": {
                "type": "string",
                "description": "ID of the specific VPC",
                "description_kind": "plain",
                "optional": true,
                "computed": true
              },
              "zone_names": {
                "type": [
                  "list",
                  "string"
                ],
                "description": "Zone name list",
                "description_kind": "plain",
                "computed": true
              }
            },
            "block_types": {
              "subnets": {
                "nesting_mode": "list",
                "block": {
                  "attributes": {
                    "subnet_id": {
                      "type": "string",
                      "description": "ID of the subnet.",
                      "description_kind": "plain",
                      "optional": true,
                      "computed": true
                    },
                    "zone_name": {
                      "type": "string",
                      "description": "Zone name of the subnet.",
                      "description_kind": "plain",
                      "optional": true,
                      "computed": true
                    }
                  },
                  "description": "Subnets of the instance.",
                  "description_kind": "plain"
                }
              },
              "timeouts": {
                "nesting_mode": "single",
                "block": {
                  "attributes": {
                    "create": {
                      "type": "string",
                      "description_kind": "plain",
                      "optional": true
                    },
                    "delete": {
                      "type": "string",
                      "description_kind": "plain",
                      "optional": true
                    },
                    "update": {
                      "type": "string",
                      "description_kind": "plain",
                      "optional": true
                    }
                  },
                  "description_kind": "plain"
                }
              }
            },
            "description_kind": "plain"
          }
        },
        "baiducloud_route_rule": {
          "version": 0,
          "block": {
            "attributes": {
              "description": {
                "type": "string",
                "description": "Description of the routing rule.",
                "description_kind": "plain",
                "optional": true
              },
              "destination_address": {
                "type": "string",
                "description": "Destination CIDR block of the routing rule. The network segment can be 0.0.0.0/0, otherwise, the destination address cannot overlap with this VPC CIDR block(except when the destination network segment or the VPC CIDR is 0.0.0.0/0).",
                "description_kind": "plain",
                "required": true
              },
              "id": {
                "type": "string",
                "description_kind": "plain",
                "optional": true,
                "computed": true
              },
              "next_hop_id": {
                "type": "string",
                "description": "ID of the next hop.",
                "description_kind": "plain",
                "optional": true,
                "computed": true
              },
              "next_hop_type": {
                "type": "string",
                "description": "Type of the next hop, available values are custom、vpn and nat.",
                "description_kind": "plain",
                "required": true
              },
              "route_table_id": {
                "type": "string",
                "description": "ID of the routing table.",
                "description_kind": "plain",
                "required": true
              },
              "source_address": {
                "type": "string",
                "description": "Source CIDR block of the routing rule. The value can be all network segments 0.0.0.0/0, existing subnet segments in the VPC, or the network segment within the subnet.",
                "description_kind": "plain",
                "required": true
              }
            },
            "block_types": {
              "timeouts": {
                "nesting_mode": "single",
                "block": {
                  "attributes": {
                    "create": {
                      "type": "string",
                      "description_kind": "plain",
                      "optional": true
                    },
                    "delete": {
                      "type": "string",
                      "description_kind": "plain",
                      "optional": true
                    }
                  },
                  "description_kind": "plain"
                }
              }
            },
            "description_kind": "plain"
          }
        },
        "baiducloud_scs": {
          "version": 0,
          "block": {
            "attributes": {
              "auto_renew": {
                "type": "bool",
                "description": "Whether to automatically renew.",
                "description_kind": "plain",
                "computed": true
              },
              "auto_renew_time_length": {
                "type": "number",
                "description": "The time length of automatic renewal. It is valid when payment_timing is Prepaid, and the value should be 1-9 when the auto_renew_time_unit is month and 1-3 when the auto_renew_time_unit is year.",
                "description_kind": "plain",
                "computed": true
              },
              "auto_renew_time_unit": {
                "type": "string",
                "description": "Time unit of automatic renewal, the value can be month or year. The default value is empty, indicating no automatic renewal. It is valid only when the payment_timing is Prepaid.",
                "description_kind": "plain",
                "computed": true
              },
              "billing": {
                "type": [
                  "map",
                  "string"
                ],
                "description": "**Deprecated**. Use `payment_timing`, `reservation_length`, `reservation_time_unit` instead. Billing information of the Scs.",
                "description_kind": "plain",
                "optional": true
              },
              "capacity": {
                "type": "number",
                "description": "Memory capacity(GB) of the instance.",
                "description_kind": "plain",
                "computed": true
              },
              "client_auth": {
                "type": "string",
                "description": "Access password of the instance. Should be 8-16 characters, and contains at least two types of letters, numbers and symbols. Allowed symbols include `$ ^ * ( ) _ + - =`.",
                "description_kind": "plain",
                "optional": true,
                "sensitive": true
              },
              "cluster_type": {
                "type": "string",
                "description": "Type of the instance. If `engine` is `memcache`, must be `default`. Valid values for other engine type: `cluster`, `master_slave`.  Defaults to `master_slave`.",
                "description_kind": "plain",
                "optional": true
              },
              "create_time": {
                "type": "string",
                "description": "Create time of the instance.",
                "description_kind": "plain",
                "computed": true
              },
              "disk_flavor": {
                "type": "number",
                "description": "Storage size(GB) when use PegaDB.",
                "description_kind": "plain",
                "optional": true
              },
              "disk_type": {
                "type": "string",
                "description": "Disk type of the instance. Valid values: `cloud_hp1`, `enhanced_ssd_pl1`.",
                "description_kind": "plain",
                "optional": true
              },
              "domain": {
                "type": "string",
                "description": "Domain of the instance.",
                "description_kind": "plain",
                "computed": true
              },
              "enable_read_only": {
                "type": "number",
                "description": "Whether the copies are read only. Valid values: `1`(enabled), `2`(disabled). Defaults to `2`.",
                "description_kind": "plain",
                "optional": true
              },
              "engine": {
                "type": "string",
                "description": "Engine of the instance. Valid values: `memcache`, `redis`, `PegaDB`. Defaults to `redis`.",
                "description_kind": "plain",
                "optional": true
              },
              "engine_version": {
                "type": "string",
                "description": "Engine version of the instance. Must be set when `engine` is `redis`. Valid values: `3.2`, `4.0`, `5.0`, `6.0`.",
                "description_kind": "plain",
                "optional": true,
                "computed": true
              },
              "expire_time": {
                "type": "string",
                "description": "Expire time of the instance.",
                "description_kind": "plain",
                "computed": true
              },
              "id": {
                "type": "string",
                "description_kind": "plain",
                "optional": true,
                "computed": true
              },
              "instance_id": {
                "type": "string",
                "description": "ID of the instance.",
                "description_kind": "plain",
                "computed": true
              },
              "instance_name": {
                "type": "string",
                "description": "Name of the instance. Support for uppercase and lowercase letters, numbers, Chinese and special characters, such as `-`, `_`, `/`, `.`. Must start with a letter, length 1-65.",
                "description_kind": "plain",
                "required": true
              },
              "instance_status": {
                "type": "string",
                "description": "Status of the instance.",
                "description_kind": "plain",
                "computed": true
              },
              "node_type": {
                "type": "string",
                "description": "Node type of the instance. e.g. `cache.n1.micro`. To learn about supported node type, see documentation on [Supported Node Types](https://cloud.baidu.com/doc/SCS/s/1jwvxtsh0#%E5%AE%9E%E4%BE%8B%E8%A7%84%E6%A0%BC)",
                "description_kind": "plain",
                "required": true
              },
              "payment_timing": {
                "type": "string",
                "description": "Payment timing of billing, Valid values: `Prepaid`, `Postpaid`.",
                "description_kind": "plain",
                "optional": true
              },
              "port": {
                "type": "number",
                "description": "Port number used to access the instance. Must be between `1025` and `65534`. Defaults to `6379`.",
                "description_kind": "plain",
                "optional": true
              },
              "proxy_num": {
                "type": "number",
                "description": "The number of instance proxy. If `cluster_type` is `cluster`, set to the value of `shard_num` (if `shard_num` equals `1`, set to `2`). If `cluster_type` is `master_slave`, set to `0`. Defaults to `0`.",
                "description_kind": "plain",
                "optional": true
              },
              "purchase_count": {
                "type": "number",
                "description": "Count of the instance to buy. Must be between `1` and `10`. Defaults to `1`.",
                "description_kind": "plain",
                "optional": true
              },
              "replication_num": {
                "type": "number",
                "description": "The number of instance replicas. If `cluster_type` is `cluster`, must be between `2` and `5`. If `cluster_type` is `master_slave`, must be between `1` and `5`. Defaults to `2`.",
                "description_kind": "plain",
                "optional": true
              },
              "replication_resize_type": {
                "type": "string",
                "description": "Replica resize type. Must set when change `replication_info`. Valid values: `add`, `delete`.",
                "description_kind": "plain",
                "optional": true
              },
              "reservation_length": {
                "type": "number",
                "description": "Prepaid billing reservation length, only useful when `payment_timing` is `Prepaid`. Valid values: `1`, `2`, `3`, `4`, `5`, `6`, `7`, `8`, `9`, `12`, `24`, `36`",
                "description_kind": "plain",
                "optional": true
              },
              "reservation_time_unit": {
                "type": "string",
                "description": "Prepaid billing reservation time unit, only useful when `payment_timing` is `Prepaid`. Only support `month` now.",
                "description_kind": "plain",
                "optional": true
              },
              "security_ips": {
                "type": [
                  "set",
                  "string"
                ],
                "description": "Security ips of the scs.",
                "description_kind": "plain",
                "optional": true,
                "computed": true
              },
              "shard_num": {
                "type": "number",
                "description": "The number of instance shard. Defaults to `1`. To learn about supported shard number, see documentation on [Supported Node Types](https://cloud.baidu.com/doc/SCS/s/1jwvxtsh0#%E5%AE%9E%E4%BE%8B%E8%A7%84%E6%A0%BC)",
                "description_kind": "plain",
                "optional": true
              },
              "store_type": {
                "type": "number",
                "description": "Store type of the instance. Valid values: `0`(high performance memory), `1`(ssd local disk), `3`(capacity storage, only for PegaDB).",
                "description_kind": "plain",
                "optional": true
              },
              "tags": {
                "type": [
                  "map",
                  "string"
                ],
                "description": "Tags, support setting when creating instance, do not support modify",
                "description_kind": "plain",
                "optional": true,
                "computed": true
              },
              "used_capacity": {
                "type": "number",
                "description": "The amount of memory(GB) used by the instance.",
                "description_kind": "plain",
                "computed": true
              },
              "v_net_ip": {
                "type": "string",
                "description": "The internal ip used to access a instance.",
                "description_kind": "plain",
                "computed": true
              },
              "vpc_id": {
                "type": "string",
                "description": "ID of the specific VPC",
                "description_kind": "plain",
                "optional": true,
                "computed": true
              },
              "zone_names": {
                "type": [
                  "list",
                  "string"
                ],
                "description": "Zone name list",
                "description_kind": "plain",
                "computed": true
              }
            },
            "block_types": {
              "replication_info": {
                "nesting_mode": "list",
                "block": {
                  "attributes": {
                    "availability_zone": {
                      "type": "string",
                      "description": "Availability zone of the replica. e.g. `cn-bj-a`.",
                      "description_kind": "plain",
                      "required": true
                    },
                    "is_master": {
                      "type": "number",
                      "description": "Whether the replica is master node. Valid values: `1`(master node), `0`(slave node).",
                      "description_kind": "plain",
                      "required": true
                    },
                    "subnet_id": {
                      "type": "string",
                      "description": "Subnet id of the replica.",
                      "description_kind": "plain",
                      "required": true
                    }
                  },
                  "description": "Replica info of the instance. Adding and removing replicas at same time in one operation is not supported.",
                  "description_kind": "plain"
                }
              },
              "subnets": {
                "nesting_mode": "list",
                "block": {
                  "attributes": {
                    "subnet_id": {
                      "type": "string",
                      "description": "ID of the subnet.",
                      "description_kind": "plain",
                      "optional": true
                    },
                    "zone_name": {
                      "type": "string",
                      "description": "Zone name of the subnet. e.g. `cn-bj-a`.",
                      "description_kind": "plain",
                      "optional": true
                    }
                  },
                  "description": "Subnets of the instance.",
                  "description_kind": "plain"
                }
              },
              "timeouts": {
                "nesting_mode": "single",
                "block": {
                  "attributes": {
                    "create": {
                      "type": "string",
                      "description_kind": "plain",
                      "optional": true
                    },
                    "delete": {
                      "type": "string",
                      "description_kind": "plain",
                      "optional": true
                    },
                    "update": {
                      "type": "string",
                      "description_kind": "plain",
                      "optional": true
                    }
                  },
                  "description_kind": "plain"
                }
              }
            },
            "description_kind": "plain"
          }
        },
        "baiducloud_security_group": {
          "version": 0,
          "block": {
            "attributes": {
              "description": {
                "type": "string",
                "description": "SecurityGroup description",
                "description_kind": "plain",
                "optional": true
              },
              "id": {
                "type": "string",
                "description_kind": "plain",
                "optional": true,
                "computed": true
              },
              "name": {
                "type": "string",
                "description": "SecurityGroup name",
                "description_kind": "plain",
                "required": true
              },
              "tags": {
                "type": [
                  "map",
                  "string"
                ],
                "description": "Tags, do not support modify",
                "description_kind": "plain",
                "optional": true
              },
              "vpc_id": {
                "type": "string",
                "description": "SecurityGroup binded VPC id",
                "description_kind": "plain",
                "optional": true,
                "computed": true
              }
            },
            "block_types": {
              "timeouts": {
                "nesting_mode": "single",
                "block": {
                  "attributes": {
                    "create": {
                      "type": "string",
                      "description_kind": "plain",
                      "optional": true
                    },
                    "delete": {
                      "type": "string",
                      "description_kind": "plain",
                      "optional": true
                    },
                    "update": {
                      "type": "string",
                      "description_kind": "plain",
                      "optional": true
                    }
                  },
                  "description_kind": "plain"
                }
              }
            },
            "description_kind": "plain"
          }
        },
        "baiducloud_security_group_rule": {
          "version": 0,
          "block": {
            "attributes": {
              "dest_group_id": {
                "type": "string",
                "description": "SecurityGroup rule's destination group id, dest_group_id and dest_ip can not set in the same time",
                "description_kind": "plain",
                "optional": true,
                "computed": true
              },
              "dest_ip": {
                "type": "string",
                "description": "SecurityGroup rule's destination ip, dest_group_id and dest_ip can not set in the same time",
                "description_kind": "plain",
                "optional": true,
                "computed": true
              },
              "direction": {
                "type": "string",
                "description": "SecurityGroup rule's direction, support ingress/egress",
                "description_kind": "plain",
                "required": true
              },
              "ether_type": {
                "type": "string",
                "description": "SecurityGroup rule's ether type, support IPv4/IPv6",
                "description_kind": "plain",
                "optional": true,
                "computed": true
              },
              "id": {
                "type": "string",
                "description_kind": "plain",
                "optional": true,
                "computed": true
              },
              "port_range": {
                "type": "string",
                "description": "SecurityGroup rule's port range, you can set single port like 80, or set a port range, like 1-65535, default 1-65535. If protocol is all, only support 1-65535",
                "description_kind": "plain",
                "optional": true,
                "computed": true
              },
              "protocol": {
                "type": "string",
                "description": "SecurityGroup rule's protocol, support tcp/udp/icmp/all, default all",
                "description_kind": "plain",
                "optional": true,
                "computed": true
              },
              "remark": {
                "type": "string",
                "description": "SecurityGroup rule's remark",
                "description_kind": "plain",
                "optional": true,
                "computed": true
              },
              "security_group_id": {
                "type": "string",
                "description": "SecurityGroup rule's security group id",
                "description_kind": "plain",
                "required": true
              },
              "source_group_id": {
                "type": "string",
                "description": "SecurityGroup rule's source group id, source_group_id and source_ip can not set in the same time",
                "description_kind": "plain",
                "optional": true,
                "computed": true
              },
              "source_ip": {
                "type": "string",
                "description": "SecurityGroup rule's source ip, source_group_id and source_ip can not set in the same time",
                "description_kind": "plain",
                "optional": true,
                "computed": true
              }
            },
            "block_types": {
              "timeouts": {
                "nesting_mode": "single",
                "block": {
                  "attributes": {
                    "create": {
                      "type": "string",
                      "description_kind": "plain",
                      "optional": true
                    },
                    "delete": {
                      "type": "string",
                      "description_kind": "plain",
                      "optional": true
                    },
                    "update": {
                      "type": "string",
                      "description_kind": "plain",
                      "optional": true
                    }
                  },
                  "description_kind": "plain"
                }
              }
            },
            "description_kind": "plain"
          }
        },
        "baiducloud_sms_signature": {
          "version": 0,
          "block": {
            "attributes": {
              "content": {
                "type": "string",
                "description": "signature content of sms",
                "description_kind": "plain",
                "required": true
              },
              "content_type": {
                "type": "string",
                "description": "type of content",
                "description_kind": "plain",
                "required": true
              },
              "country_type": {
                "type": "string",
                "description": "signature type of country",
                "description_kind": "plain",
                "optional": true
              },
              "description": {
                "type": "string",
                "description": "LoadBalance instance's status",
                "description_kind": "plain",
                "optional": true
              },
              "id": {
                "type": "string",
                "description_kind": "plain",
                "optional": true,
                "computed": true
              },
              "review": {
                "type": "string",
                "description": "commit review",
                "description_kind": "plain",
                "computed": true
              },
              "signature_file_base64": {
                "type": "string",
                "description": "base64 of signature file",
                "description_kind": "plain",
                "optional": true
              },
              "signature_file_format": {
                "type": "string",
                "description": "Format of signature file",
                "description_kind": "plain",
                "optional": true
              },
              "status": {
                "type": "string",
                "description": "status",
                "description_kind": "plain",
                "computed": true
              },
              "user_id": {
                "type": "string",
                "description": "User id",
                "description_kind": "plain",
                "computed": true
              }
            },
            "block_types": {
              "timeouts": {
                "nesting_mode": "single",
                "block": {
                  "attributes": {
                    "create": {
                      "type": "string",
                      "description_kind": "plain",
                      "optional": true
                    },
                    "delete": {
                      "type": "string",
                      "description_kind": "plain",
                      "optional": true
                    },
                    "update": {
                      "type": "string",
                      "description_kind": "plain",
                      "optional": true
                    }
                  },
                  "description_kind": "plain"
                }
              }
            },
            "description_kind": "plain"
          }
        },
        "baiducloud_sms_template": {
          "version": 0,
          "block": {
            "attributes": {
              "content": {
                "type": "string",
                "description": "Template content of sms",
                "description_kind": "plain",
                "required": true
              },
              "country_type": {
                "type": "string",
                "description": "Template type of country",
                "description_kind": "plain",
                "required": true
              },
              "description": {
                "type": "string",
                "description": "LoadBalance instance's status",
                "description_kind": "plain",
                "required": true
              },
              "id": {
                "type": "string",
                "description_kind": "plain",
                "optional": true,
                "computed": true
              },
              "name": {
                "type": "string",
                "description": "Template name of sms",
                "description_kind": "plain",
                "required": true
              },
              "review": {
                "type": "string",
                "description": "commit review",
                "description_kind": "plain",
                "computed": true
              },
              "sms_type": {
                "type": "string",
                "description": "Type of sms",
                "description_kind": "plain",
                "required": true
              },
              "status": {
                "type": "string",
                "description": "status",
                "description_kind": "plain",
                "computed": true
              },
              "template_id": {
                "type": "string",
                "description": "base64 of Template file",
                "description_kind": "plain",
                "optional": true
              },
              "user_id": {
                "type": "string",
                "description": "User id",
                "description_kind": "plain",
                "computed": true
              }
            },
            "block_types": {
              "timeouts": {
                "nesting_mode": "single",
                "block": {
                  "attributes": {
                    "create": {
                      "type": "string",
                      "description_kind": "plain",
                      "optional": true
                    },
                    "delete": {
                      "type": "string",
                      "description_kind": "plain",
                      "optional": true
                    },
                    "update": {
                      "type": "string",
                      "description_kind": "plain",
                      "optional": true
                    }
                  },
                  "description_kind": "plain"
                }
              }
            },
            "description_kind": "plain"
          }
        },
        "baiducloud_snapshot": {
          "version": 0,
          "block": {
            "attributes": {
              "create_method": {
                "type": "string",
                "description": "Creation method of the snapshot.",
                "description_kind": "plain",
                "computed": true
              },
              "create_time": {
                "type": "string",
                "description": "Creation time of the snapshot.",
                "description_kind": "plain",
                "computed": true
              },
              "description": {
                "type": "string",
                "description": "Description of the snapshot.",
                "description_kind": "plain",
                "optional": true
              },
              "id": {
                "type": "string",
                "description_kind": "plain",
                "optional": true,
                "computed": true
              },
              "name": {
                "type": "string",
                "description": "Name of the snapshot, which supports uppercase and lowercase letters, numbers, Chinese and special characters, such as \"-\",\"_\",\"/\",\",\".\", and the value must start with a letter, length 1-65.",
                "description_kind": "plain",
                "required": true
              },
              "size_in_gb": {
                "type": "number",
                "description": "Size of the snapshot in GB.",
                "description_kind": "plain",
                "computed": true
              },
              "status": {
                "type": "string",
                "description": "Status of the snapshot.",
                "description_kind": "plain",
                "computed": true
              },
              "volume_id": {
                "type": "string",
                "description": "Volume id of the snapshot, this value will be nil if volume has been released.",
                "description_kind": "plain",
                "required": true
              }
            },
            "block_types": {
              "timeouts": {
                "nesting_mode": "single",
                "block": {
                  "attributes": {
                    "create": {
                      "type": "string",
                      "description_kind": "plain",
                      "optional": true
                    },
                    "delete": {
                      "type": "string",
                      "description_kind": "plain",
                      "optional": true
                    }
                  },
                  "description_kind": "plain"
                }
              }
            },
            "description_kind": "plain"
          }
        },
        "baiducloud_snic": {
          "version": 0,
          "block": {
            "attributes": {
              "description": {
                "type": "string",
                "description": "Description of the snic.",
                "description_kind": "plain",
                "optional": true
              },
              "id": {
                "type": "string",
                "description_kind": "plain",
                "optional": true,
                "computed": true
              },
              "ip_address": {
                "type": "string",
                "description": "IP address of snic. If empty, system will automatically assign one.",
                "description_kind": "plain",
                "optional": true,
                "computed": true
              },
              "name": {
                "type": "string",
                "description": "Name of the snic. Can include letters, numbers, and `-`, `_`,`/`, `.`. Must start with a letter. The length should be between 1-65",
                "description_kind": "plain",
                "required": true
              },
              "service": {
                "type": "string",
                "description": "Attached service of the snic. Must be one of the services returned by data source `baiducloud_snic_public_services`, and if there is descriptive text, it also needs to be included.",
                "description_kind": "plain",
                "required": true
              },
              "status": {
                "type": "string",
                "description": "Status of the snic. Possible valus: `available`, `unavailable`.",
                "description_kind": "plain",
                "computed": true
              },
              "subnet_id": {
                "type": "string",
                "description": "ID of the subnet where the snic is located.",
                "description_kind": "plain",
                "required": true
              },
              "vpc_id": {
                "type": "string",
                "description": "ID of the vpc to which the snic belongs.",
                "description_kind": "plain",
                "required": true
              }
            },
            "description": "Use this resource to manage SNIC (Service Network Interface Card). \n\nMore information can be found in the [Developer Guide](https://cloud.baidu.com/doc/VPC/s/zkkus2uf2). \n\n",
            "description_kind": "plain"
          }
        },
        "baiducloud_subnet": {
          "version": 0,
          "block": {
            "attributes": {
              "cidr": {
                "type": "string",
                "description": "CIDR block of the subnet.",
                "description_kind": "plain",
                "required": true
              },
              "description": {
                "type": "string",
                "description": "Description of the subnet, and the value must be no more than 200 characters.",
                "description_kind": "plain",
                "optional": true
              },
              "id": {
                "type": "string",
                "description_kind": "plain",
                "optional": true,
                "computed": true
              },
              "name": {
                "type": "string",
                "description": "Name of the subnet, which cannot take the value \"default\", the length is no more than 65 characters, and the value can be composed of numbers, characters and underscores.",
                "description_kind": "plain",
                "required": true
              },
              "subnet_type": {
                "type": "string",
                "description": "Type of the subnet, valid values are BCC, BCC_NAT and BBC. Default to BCC.",
                "description_kind": "plain",
                "optional": true,
                "computed": true
              },
              "tags": {
                "type": [
                  "map",
                  "string"
                ],
                "description": "Tags, do not support modify",
                "description_kind": "plain",
                "optional": true
              },
              "vpc_id": {
                "type": "string",
                "description": "ID of the VPC.",
                "description_kind": "plain",
                "required": true
              },
              "zone_name": {
                "type": "string",
                "description": "The availability zone name within which the subnet should be created.",
                "description_kind": "plain",
                "required": true
              }
            },
            "block_types": {
              "timeouts": {
                "nesting_mode": "single",
                "block": {
                  "attributes": {
                    "create": {
                      "type": "string",
                      "description_kind": "plain",
                      "optional": true
                    },
                    "delete": {
                      "type": "string",
                      "description_kind": "plain",
                      "optional": true
                    },
                    "update": {
                      "type": "string",
                      "description_kind": "plain",
                      "optional": true
                    }
                  },
                  "description_kind": "plain"
                }
              }
            },
            "description_kind": "plain"
          }
        },
        "baiducloud_vpc": {
          "version": 0,
          "block": {
            "attributes": {
              "cidr": {
                "type": "string",
                "description": "CIDR block for the VPC.",
                "description_kind": "plain",
                "required": true
              },
              "description": {
                "type": "string",
                "description": "Description of the VPC. The value is no more than 200 characters.",
                "description_kind": "plain",
                "optional": true
              },
              "id": {
                "type": "string",
                "description_kind": "plain",
                "optional": true,
                "computed": true
              },
              "name": {
                "type": "string",
                "description": "Name of the VPC, which cannot take the value \"default\", the length is no more than 65 characters, and the value can be composed of numbers, characters and underscores.",
                "description_kind": "plain",
                "required": true
              },
              "route_table_id": {
                "type": "string",
                "description": "Route table ID created by default on VPC creation.",
                "description_kind": "plain",
                "computed": true
              },
              "secondary_cidrs": {
                "type": [
                  "list",
                  "string"
                ],
                "description": "Secondary cidr list of the VPC. They will not be repeated.",
                "description_kind": "plain",
                "computed": true
              },
              "tags": {
                "type": [
                  "map",
                  "string"
                ],
                "description": "Tags, do not support modify",
                "description_kind": "plain",
                "optional": true
              }
            },
            "block_types": {
              "timeouts": {
                "nesting_mode": "single",
                "block": {
                  "attributes": {
                    "create": {
                      "type": "string",
                      "description_kind": "plain",
                      "optional": true
                    },
                    "delete": {
                      "type": "string",
                      "description_kind": "plain",
                      "optional": true
                    },
                    "update": {
                      "type": "string",
                      "description_kind": "plain",
                      "optional": true
                    }
                  },
                  "description_kind": "plain"
                }
              }
            },
            "description_kind": "plain"
          }
        },
        "baiducloud_vpn_conn": {
          "version": 0,
          "block": {
            "attributes": {
              "description": {
                "type": "string",
                "description": "Description of VPN conn.",
                "description_kind": "plain",
                "optional": true
              },
              "id": {
                "type": "string",
                "description_kind": "plain",
                "optional": true,
                "computed": true
              },
              "local_ip": {
                "type": "string",
                "description": "Public IP of the VPN gateway.",
                "description_kind": "plain",
                "computed": true
              },
              "local_subnets": {
                "type": [
                  "list",
                  "string"
                ],
                "description": "Local network cidr list.",
                "description_kind": "plain",
                "required": true
              },
              "remote_ip": {
                "type": "string",
                "description": "Public IP of the peer VPN gateway.",
                "description_kind": "plain",
                "required": true
              },
              "remote_subnets": {
                "type": [
                  "list",
                  "string"
                ],
                "description": "Peer network cidr list.",
                "description_kind": "plain",
                "required": true
              },
              "secret_key": {
                "type": "string",
                "description": "Shared secret key, 8 to 17 characters, English, numbers and symbols must exist at the same time, the symbols are limited to !@#$%^*()_.",
                "description_kind": "plain",
                "required": true
              },
              "vpn_conn_name": {
                "type": "string",
                "description": "Name of vpn conn.",
                "description_kind": "plain",
                "optional": true,
                "computed": true
              },
              "vpn_id": {
                "type": "string",
                "description": "VPN id which vpn conn belong to.",
                "description_kind": "plain",
                "required": true
              }
            },
            "block_types": {
              "ike_config": {
                "nesting_mode": "set",
                "block": {
                  "attributes": {
                    "ike_auth_alg": {
                      "type": "string",
                      "description": "IKE Authenticate Algorithm",
                      "description_kind": "plain",
                      "required": true
                    },
                    "ike_enc_alg": {
                      "type": "string",
                      "description": "IKE Encryption Algorithm.",
                      "description_kind": "plain",
                      "required": true
                    },
                    "ike_life_time": {
                      "type": "number",
                      "description": "IKE life time.",
                      "description_kind": "plain",
                      "required": true
                    },
                    "ike_mode": {
                      "type": "string",
                      "description": "Negotiation mode.",
                      "description_kind": "plain",
                      "required": true
                    },
                    "ike_pfs": {
                      "type": "string",
                      "description": "Diffie-Hellman key exchange algorithm.",
                      "description_kind": "plain",
                      "required": true
                    },
                    "ike_version": {
                      "type": "string",
                      "description": "Version of IKE.",
                      "description_kind": "plain",
                      "required": true
                    }
                  },
                  "description": "IKE config.",
                  "description_kind": "plain"
                }
              },
              "ipsec_config": {
                "nesting_mode": "set",
                "block": {
                  "attributes": {
                    "ipsec_auth_alg": {
                      "type": "string",
                      "description": "Ipsec Authenticate Algorithm.",
                      "description_kind": "plain",
                      "required": true
                    },
                    "ipsec_enc_alg": {
                      "type": "string",
                      "description": "Ipsec Encryption Algorithm.",
                      "description_kind": "plain",
                      "required": true
                    },
                    "ipsec_life_time": {
                      "type": "number",
                      "description": "Ipsec life time.",
                      "description_kind": "plain",
                      "required": true
                    },
                    "ipsec_pfs": {
                      "type": "string",
                      "description": "Diffie-Hellman key exchange algorithm.",
                      "description_kind": "plain",
                      "required": true
                    }
                  },
                  "description": "Ipsec config details.",
                  "description_kind": "plain"
                }
              },
              "timeouts": {
                "nesting_mode": "single",
                "block": {
                  "attributes": {
                    "create": {
                      "type": "string",
                      "description_kind": "plain",
                      "optional": true
                    },
                    "delete": {
                      "type": "string",
                      "description_kind": "plain",
                      "optional": true
                    },
                    "update": {
                      "type": "string",
                      "description_kind": "plain",
                      "optional": true
                    }
                  },
                  "description_kind": "plain"
                }
              }
            },
            "description_kind": "plain"
          }
        },
        "baiducloud_vpn_gateway": {
          "version": 0,
          "block": {
            "attributes": {
              "bandwidth_in_mbps": {
                "type": "string",
                "description": "Eip bandwidth(Mbps), if payment_timing is Prepaid or billing_method is ByBandWidth, support between 1 and 200, if billing_method is ByTraffic, support between 1 and 1000",
                "description_kind": "plain",
                "computed": true
              },
              "description": {
                "type": "string",
                "description": "Description of the VPN. The value is no more than 200 characters.",
                "description_kind": "plain",
                "optional": true
              },
              "eip": {
                "type": "string",
                "description": "Eip address.",
                "description_kind": "plain",
                "optional": true
              },
              "expired_time": {
                "type": "string",
                "description": "Expired time of VPN gateway.",
                "description_kind": "plain",
                "computed": true
              },
              "id": {
                "type": "string",
                "description_kind": "plain",
                "optional": true,
                "computed": true
              },
              "payment_timing": {
                "type": "string",
                "description": "Payment timing of billing, which can be Prepaid or Postpaid. The default is Postpaid.",
                "description_kind": "plain",
                "required": true
              },
              "reservation": {
                "type": [
                  "map",
                  "string"
                ],
                "description": "Reservation of the VPN gateway.",
                "description_kind": "plain",
                "optional": true
              },
              "status": {
                "type": "string",
                "description": "VPN gateway status.",
                "description_kind": "plain",
                "computed": true
              },
              "vpc_id": {
                "type": "string",
                "description": "ID of the VPC which vpn gateway belong to.",
                "description_kind": "plain",
                "required": true
              },
              "vpn_conn_num": {
                "type": "number",
                "description": "Number of VPN tunnels.",
                "description_kind": "plain",
                "computed": true
              },
              "vpn_conns": {
                "type": [
                  "list",
                  "string"
                ],
                "description": "ID list of VPN tunnels.",
                "description_kind": "plain",
                "computed": true
              },
              "vpn_name": {
                "type": "string",
                "description": "Name of the VPN gateway, which cannot take the value \"default\", the length is no more than 65 characters, and the value can be composed of numbers, characters and underscores.",
                "description_kind": "plain",
                "required": true
              }
            },
            "block_types": {
              "timeouts": {
                "nesting_mode": "single",
                "block": {
                  "attributes": {
                    "create": {
                      "type": "string",
                      "description_kind": "plain",
                      "optional": true
                    },
                    "delete": {
                      "type": "string",
                      "description_kind": "plain",
                      "optional": true
                    },
                    "update": {
                      "type": "string",
                      "description_kind": "plain",
                      "optional": true
                    }
                  },
                  "description_kind": "plain"
                }
              }
            },
            "description_kind": "plain"
          }
        }
      },
      "data_source_schemas": {
        "baiducloud_acls": {
          "version": 0,
          "block": {
            "attributes": {
              "acl_id": {
                "type": "string",
                "description": "ID of the ACL to retrieve.",
                "description_kind": "plain",
                "optional": true
              },
              "acls": {
                "type": [
                  "list",
                  [
                    "object",
                    {
                      "acl_id": "string",
                      "action": "string",
                      "description": "string",
                      "destination_ip_address": "string",
                      "destination_port": "string",
                      "direction": "string",
                      "position": "number",
                      "protocol": "string",
                      "source_ip_address": "string",
                      "source_port": "string",
                      "subnet_id": "string"
                    }
                  ]
                ],
                "description": "List of the ACLs.",
                "description_kind": "plain",
                "computed": true
              },
              "id": {
                "type": "string",
                "description_kind": "plain",
                "optional": true,
                "computed": true
              },
              "output_file": {
                "type": "string",
                "description": "Output file for saving result.",
                "description_kind": "plain",
                "optional": true
              },
              "subnet_id": {
                "type": "string",
                "description": "Subnet ID of the ACLs to retrieve.",
                "description_kind": "plain",
                "optional": true
              },
              "vpc_id": {
                "type": "string",
                "description": "VPC ID of the ACLs to retrieve.",
                "description_kind": "plain",
                "optional": true
              }
            },
            "block_types": {
              "filter": {
                "nesting_mode": "set",
                "block": {
                  "attributes": {
                    "name": {
                      "type": "string",
                      "description": "filter variable name",
                      "description_kind": "plain",
                      "required": true
                    },
                    "values": {
                      "type": [
                        "list",
                        "string"
                      ],
                      "description": "filter variable value list",
                      "description_kind": "plain",
                      "required": true
                    }
                  },
                  "description": "only support filter string/int/bool value",
                  "description_kind": "plain"
                }
              }
            },
            "description_kind": "plain"
          }
        },
        "baiducloud_appblb_listeners": {
          "version": 0,
          "block": {
            "attributes": {
              "blb_id": {
                "type": "string",
                "description": "ID of the Application LoadBalance instance",
                "description_kind": "plain",
                "required": true
              },
              "id": {
                "type": "string",
                "description_kind": "plain",
                "optional": true,
                "computed": true
              },
              "listener_port": {
                "type": "number",
                "description": "The port of the Listener to be queried",
                "description_kind": "plain",
                "optional": true
              },
              "listeners": {
                "type": [
                  "list",
                  [
                    "object",
                    {
                      "cert_ids": [
                        "list",
                        "string"
                      ],
                      "client_cert_ids": [
                        "list",
                        "string"
                      ],
                      "dual_auth": "bool",
                      "encryption_protocols": [
                        "list",
                        "string"
                      ],
                      "encryption_type": "string",
                      "ie6_compatible": "bool",
                      "keep_session": "bool",
                      "keep_session_cookie_name": "string",
                      "keep_session_timeout": "number",
                      "keep_session_type": "string",
                      "listener_port": "number",
                      "policys": [
                        "set",
                        [
                          "object",
                          {
                            "app_server_group_id": "string",
                            "app_server_group_name": "string",
                            "backend_port": "number",
                            "description": "string",
                            "frontend_port": "number",
                            "id": "string",
                            "port_type": "string",
                            "priority": "number",
                            "rule_list": [
                              "list",
                              [
                                "object",
                                {
                                  "key": "string",
                                  "value": "string"
                                }
                              ]
                            ]
                          }
                        ]
                      ],
                      "protocol": "string",
                      "redirect_port": "number",
                      "scheduler": "string",
                      "server_timeout": "number",
                      "tcp_session_timeout": "number",
                      "x_forwarded_for": "bool"
                    }
                  ]
                ],
                "description": "A list of Application LoadBalance Listener",
                "description_kind": "plain",
                "computed": true
              },
              "output_file": {
                "type": "string",
                "description": "Query result output file path",
                "description_kind": "plain",
                "optional": true
              },
              "protocol": {
                "type": "string",
                "description": "Protocol of the Listener to be queried",
                "description_kind": "plain",
                "optional": true
              }
            },
            "block_types": {
              "filter": {
                "nesting_mode": "set",
                "block": {
                  "attributes": {
                    "name": {
                      "type": "string",
                      "description": "filter variable name",
                      "description_kind": "plain",
                      "required": true
                    },
                    "values": {
                      "type": [
                        "list",
                        "string"
                      ],
                      "description": "filter variable value list",
                      "description_kind": "plain",
                      "required": true
                    }
                  },
                  "description": "only support filter string/int/bool value",
                  "description_kind": "plain"
                }
              }
            },
            "description_kind": "plain"
          }
        },
        "baiducloud_appblb_server_groups": {
          "version": 0,
          "block": {
            "attributes": {
              "blb_id": {
                "type": "string",
                "description": "ID of the LoadBalance instance to be queried",
                "description_kind": "plain",
                "required": true
              },
              "exactly_match": {
                "type": "bool",
                "description": "Whether the name is an exact match or not, default false",
                "description_kind": "plain",
                "optional": true
              },
              "id": {
                "type": "string",
                "description_kind": "plain",
                "optional": true,
                "computed": true
              },
              "name": {
                "type": "string",
                "description": "Name of the Server Group to be queried",
                "description_kind": "plain",
                "optional": true
              },
              "output_file": {
                "type": "string",
                "description": "Query result output file path",
                "description_kind": "plain",
                "optional": true
              },
              "server_groups": {
                "type": [
                  "list",
                  [
                    "object",
                    {
                      "backend_server_list": [
                        "list",
                        [
                          "object",
                          {
                            "instance_id": "string",
                            "port_list": [
                              "set",
                              [
                                "object",
                                {
                                  "backend_port": "number",
                                  "health_check_port_type": "string",
                                  "listener_port": "number",
                                  "policy_id": "string",
                                  "port_id": "string",
                                  "port_type": "string",
                                  "status": "string"
                                }
                              ]
                            ],
                            "private_ip": "string",
                            "weight": "number"
                          }
                        ]
                      ],
                      "description": "string",
                      "name": "string",
                      "port_list": [
                        "list",
                        [
                          "object",
                          {
                            "health_check": "string",
                            "health_check_down_retry": "number",
                            "health_check_interval_in_second": "number",
                            "health_check_normal_status": "string",
                            "health_check_port": "number",
                            "health_check_timeout_in_second": "number",
                            "health_check_up_retry": "number",
                            "health_check_url_path": "string",
                            "id": "string",
                            "port": "number",
                            "status": "string",
                            "type": "string",
                            "udp_health_check_string": "string"
                          }
                        ]
                      ],
                      "sg_id": "string",
                      "status": "string"
                    }
                  ]
                ],
                "description": "A list of Application LoadBalance Server Group",
                "description_kind": "plain",
                "computed": true
              }
            },
            "block_types": {
              "filter": {
                "nesting_mode": "set",
                "block": {
                  "attributes": {
                    "name": {
                      "type": "string",
                      "description": "filter variable name",
                      "description_kind": "plain",
                      "required": true
                    },
                    "values": {
                      "type": [
                        "list",
                        "string"
                      ],
                      "description": "filter variable value list",
                      "description_kind": "plain",
                      "required": true
                    }
                  },
                  "description": "only support filter string/int/bool value",
                  "description_kind": "plain"
                }
              }
            },
            "description_kind": "plain"
          }
        },
        "baiducloud_appblbs": {
          "version": 0,
          "block": {
            "attributes": {
              "address": {
                "type": "string",
                "description": "Address ip of the LoadBalance instance to be queried",
                "description_kind": "plain",
                "optional": true
              },
              "appblbs": {
                "type": [
                  "list",
                  [
                    "object",
                    {
                      "address": "string",
                      "blb_id": "string",
                      "cidr": "string",
                      "create_time": "string",
                      "description": "string",
                      "listener": [
                        "list",
                        [
                          "object",
                          {
                            "port": "number",
                            "type": "string"
                          }
                        ]
                      ],
                      "name": "string",
                      "public_ip": "string",
                      "release_time": "string",
                      "status": "string",
                      "subnet_cidr": "string",
                      "subnet_id": "string",
                      "subnet_name": "string",
                      "tags": [
                        "map",
                        "string"
                      ],
                      "vpc_id": "string",
                      "vpc_name": "string"
                    }
                  ]
                ],
                "description": "A list of Application LoadBalance Instance",
                "description_kind": "plain",
                "computed": true
              },
              "bcc_id": {
                "type": "string",
                "description": "ID of the BCC instance bound to the LoadBalance",
                "description_kind": "plain",
                "optional": true
              },
              "blb_id": {
                "type": "string",
                "description": "ID of the LoadBalance instance to be queried",
                "description_kind": "plain",
                "optional": true
              },
              "exactly_match": {
                "type": "bool",
                "description": "Whether the query condition is an exact match or not, default false",
                "description_kind": "plain",
                "optional": true
              },
              "id": {
                "type": "string",
                "description_kind": "plain",
                "optional": true,
                "computed": true
              },
              "name": {
                "type": "string",
                "description": "Name of the LoadBalance instance to be queried",
                "description_kind": "plain",
                "optional": true
              },
              "output_file": {
                "type": "string",
                "description": "Query result output file path",
                "description_kind": "plain",
                "optional": true
              }
            },
            "block_types": {
              "filter": {
                "nesting_mode": "set",
                "block": {
                  "attributes": {
                    "name": {
                      "type": "string",
                      "description": "filter variable name",
                      "description_kind": "plain",
                      "required": true
                    },
                    "values": {
                      "type": [
                        "list",
                        "string"
                      ],
                      "description": "filter variable value list",
                      "description_kind": "plain",
                      "required": true
                    }
                  },
                  "description": "only support filter string/int/bool value",
                  "description_kind": "plain"
                }
              }
            },
            "description_kind": "plain"
          }
        },
        "baiducloud_auto_snapshot_policies": {
          "version": 0,
          "block": {
            "attributes": {
              "asp_name": {
                "type": "string",
                "description": "Name of the automatic snapshot policy.",
                "description_kind": "plain",
                "optional": true
              },
              "auto_snapshot_policies": {
                "type": [
                  "list",
                  [
                    "object",
                    {
                      "created_time": "string",
                      "deleted_time": "string",
                      "id": "string",
                      "last_execute_time": "string",
                      "name": "string",
                      "repeat_weekdays": [
                        "list",
                        "number"
                      ],
                      "retention_days": "number",
                      "status": "string",
                      "time_points": [
                        "list",
                        "number"
                      ],
                      "updated_time": "string",
                      "volume_count": "number"
                    }
                  ]
                ],
                "description": "The automatic snapshot policies search result list.",
                "description_kind": "plain",
                "computed": true
              },
              "id": {
                "type": "string",
                "description_kind": "plain",
                "optional": true,
                "computed": true
              },
              "output_file": {
                "type": "string",
                "description": "Automatic snapshot policies search result output file.",
                "description_kind": "plain",
                "optional": true
              },
              "volume_name": {
                "type": "string",
                "description": "Name of the volume.",
                "description_kind": "plain",
                "optional": true
              }
            },
            "block_types": {
              "filter": {
                "nesting_mode": "set",
                "block": {
                  "attributes": {
                    "name": {
                      "type": "string",
                      "description": "filter variable name",
                      "description_kind": "plain",
                      "required": true
                    },
                    "values": {
                      "type": [
                        "list",
                        "string"
                      ],
                      "description": "filter variable value list",
                      "description_kind": "plain",
                      "required": true
                    }
                  },
                  "description": "only support filter string/int/bool value",
                  "description_kind": "plain"
                }
              }
            },
            "description_kind": "plain"
          }
        },
        "baiducloud_bbc_flavors": {
          "version": 0,
          "block": {
            "attributes": {
              "flavors": {
                "type": [
                  "list",
                  [
                    "object",
                    {
                      "cpu_count": "number",
                      "cpu_type": "string",
                      "disk": "string",
                      "flavor_id": "string",
                      "memory_capacity_in_gb": "number",
                      "network_card": "string",
                      "others": "string"
                    }
                  ]
                ],
                "description": "flavor list",
                "description_kind": "plain",
                "computed": true
              },
              "id": {
                "type": "string",
                "description_kind": "plain",
                "optional": true,
                "computed": true
              },
              "output_file": {
                "type": "string",
                "description": "Flavor search result output file",
                "description_kind": "plain",
                "optional": true
              }
            },
            "block_types": {
              "filter": {
                "nesting_mode": "set",
                "block": {
                  "attributes": {
                    "name": {
                      "type": "string",
                      "description": "filter variable name",
                      "description_kind": "plain",
                      "required": true
                    },
                    "values": {
                      "type": [
                        "list",
                        "string"
                      ],
                      "description": "filter variable value list",
                      "description_kind": "plain",
                      "required": true
                    }
                  },
                  "description": "only support filter string/int/bool value",
                  "description_kind": "plain"
                }
              }
            },
            "description_kind": "plain"
          }
        },
        "baiducloud_bbc_images": {
          "version": 0,
          "block": {
            "attributes": {
              "id": {
                "type": "string",
                "description_kind": "plain",
                "optional": true,
                "computed": true
              },
              "image_type": {
                "type": "string",
                "description": "Image type of the images to be queried, support ALL/System/Custom/Integration/Sharing/GpuBccSystem/GpuBccCustom/FpgaBccSystem/FpgaBccCustom",
                "description_kind": "plain",
                "optional": true
              },
              "images": {
                "type": [
                  "list",
                  [
                    "object",
                    {
                      "create_time": "string",
                      "desc": "string",
                      "id": "string",
                      "name": "string",
                      "os_arch": "string",
                      "os_build": "string",
                      "os_name": "string",
                      "os_type": "string",
                      "os_version": "string",
                      "status": "string",
                      "type": "string"
                    }
                  ]
                ],
                "description": "Image list",
                "description_kind": "plain",
                "computed": true
              },
              "name_regex": {
                "type": "string",
                "description": "Regex pattern of the search image name",
                "description_kind": "plain",
                "optional": true
              },
              "os_name": {
                "type": "string",
                "description": "Search image OS Name",
                "description_kind": "plain",
                "optional": true
              },
              "output_file": {
                "type": "string",
                "description": "Images search result output file",
                "description_kind": "plain",
                "optional": true
              }
            },
            "block_types": {
              "filter": {
                "nesting_mode": "set",
                "block": {
                  "attributes": {
                    "name": {
                      "type": "string",
                      "description": "filter variable name",
                      "description_kind": "plain",
                      "required": true
                    },
                    "values": {
                      "type": [
                        "list",
                        "string"
                      ],
                      "description": "filter variable value list",
                      "description_kind": "plain",
                      "required": true
                    }
                  },
                  "description": "only support filter string/int/bool value",
                  "description_kind": "plain"
                }
              }
            },
            "description_kind": "plain"
          }
        },
        "baiducloud_bbc_instances": {
          "version": 0,
          "block": {
            "attributes": {
              "id": {
                "type": "string",
                "description_kind": "plain",
                "optional": true,
                "computed": true
              },
              "instances": {
                "type": [
                  "list",
                  [
                    "object",
                    {
                      "create_time": "string",
                      "deployset_id": "string",
                      "description": "string",
                      "expire_time": "string",
                      "flavor_id": "string",
                      "has_alive": "number",
                      "host_id": "string",
                      "hostname": "string",
                      "image_id": "string",
                      "instance_id": "string",
                      "instance_name": "string",
                      "internal_ip": "string",
                      "network_capacity_in_mbps": "number",
                      "payment_timing": "string",
                      "public_ip": "string",
                      "rack_id": "string",
                      "rdma_ip": "string",
                      "region": "string",
                      "status": "string",
                      "switch_id": "string",
                      "tags": [
                        "map",
                        "string"
                      ],
                      "uuid": "string",
                      "zone": "string"
                    }
                  ]
                ],
                "description": "The result of the bbc instances list.",
                "description_kind": "plain",
                "computed": true
              },
              "internal_ip": {
                "type": "string",
                "description": "internal ip.",
                "description_kind": "plain",
                "optional": true
              },
              "output_file": {
                "type": "string",
                "description": "Output file of the bbc instances search result",
                "description_kind": "plain",
                "optional": true
              },
              "vpc_id": {
                "type": "string",
                "description": "bbc vpc id.",
                "description_kind": "plain",
                "optional": true
              }
            },
            "block_types": {
              "filter": {
                "nesting_mode": "set",
                "block": {
                  "attributes": {
                    "name": {
                      "type": "string",
                      "description": "filter variable name",
                      "description_kind": "plain",
                      "required": true
                    },
                    "values": {
                      "type": [
                        "list",
                        "string"
                      ],
                      "description": "filter variable value list",
                      "description_kind": "plain",
                      "required": true
                    }
                  },
                  "description": "only support filter string/int/bool value",
                  "description_kind": "plain"
                }
              }
            },
            "description_kind": "plain"
          }
        },
        "baiducloud_bec_nodes": {
          "version": 0,
          "block": {
            "attributes": {
              "id": {
                "type": "string",
                "description_kind": "plain",
                "optional": true,
                "computed": true
              },
              "region_list": {
                "type": [
                  "list",
                  [
                    "object",
                    {
                      "city_list": [
                        "list",
                        [
                          "object",
                          {
                            "city": "string",
                            "name": "string",
                            "service_provider_list": [
                              "list",
                              [
                                "object",
                                {
                                  "name": "string",
                                  "region_id": "string",
                                  "service_provider": "string"
                                }
                              ]
                            ]
                          }
                        ]
                      ],
                      "country": "string",
                      "country_name": "string",
                      "name": "string",
                      "region": "string"
                    }
                  ]
                ],
                "description": "Region list.",
                "description_kind": "plain",
                "computed": true
              },
              "type": {
                "type": "string",
                "description": "Node type. Valid values: `gpu`, `container`, `vm`, `lb`, `bm`",
                "description_kind": "plain",
                "required": true
              }
            },
            "description": "Use this data source to query BEC node list. \n\n",
            "description_kind": "plain"
          }
        },
        "baiducloud_bec_vm_instances": {
          "version": 0,
          "block": {
            "attributes": {
              "id": {
                "type": "string",
                "description_kind": "plain",
                "optional": true,
                "computed": true
              },
              "keyword": {
                "type": "string",
                "description": "Filter keyword.",
                "description_kind": "plain",
                "optional": true
              },
              "keyword_type": {
                "type": "string",
                "description": "Filter type. Valid values: `instanceId`, `serviceId`, `instanceName`, `instanceIp`, `securityGroupId`, `deploysetId`",
                "description_kind": "plain",
                "optional": true
              },
              "vm_instances": {
                "type": [
                  "list",
                  [
                    "object",
                    {
                      "bandwidth": "number",
                      "cpu": "number",
                      "create_time": "string",
                      "data_volume": [
                        "list",
                        [
                          "object",
                          {
                            "name": "string",
                            "pvc_name": "string",
                            "size_in_gb": "number",
                            "volume_type": "string"
                          }
                        ]
                      ],
                      "dns_config": [
                        "list",
                        [
                          "object",
                          {
                            "dns_address": [
                              "list",
                              "string"
                            ],
                            "dns_type": "string"
                          }
                        ]
                      ],
                      "host_name": "string",
                      "image_id": "string",
                      "image_type": "string",
                      "internal_ip": "string",
                      "ipv6_public_ip": "string",
                      "memory": "number",
                      "need_ipv6_public_ip": "bool",
                      "need_public_ip": "bool",
                      "public_ip": "string",
                      "region_id": "string",
                      "service_id": "string",
                      "spec": "string",
                      "status": "string",
                      "system_volume": [
                        "list",
                        [
                          "object",
                          {
                            "name": "string",
                            "pvc_name": "string",
                            "size_in_gb": "number",
                            "volume_type": "string"
                          }
                        ]
                      ],
                      "vm_id": "string",
                      "vm_name": "string"
                    }
                  ]
                ],
                "description": "Filtered VM instance list",
                "description_kind": "plain",
                "computed": true
              }
            },
            "description": "Use this data source to query BEC VM instance list. \n\n",
            "description_kind": "plain"
          }
        },
        "baiducloud_blb_backend_servers": {
          "version": 0,
          "block": {
            "attributes": {
              "backend_server_list": {
                "type": [
                  "list",
                  [
                    "object",
                    {
                      "instance_id": "string",
                      "private_ip": "string",
                      "weight": "number"
                    }
                  ]
                ],
                "description": "backend server list",
                "description_kind": "plain",
                "computed": true
              },
              "blb_id": {
                "type": "string",
                "description": "ID of the LoadBalance instance to be queried",
                "description_kind": "plain",
                "required": true
              },
              "id": {
                "type": "string",
                "description_kind": "plain",
                "optional": true,
                "computed": true
              },
              "output_file": {
                "type": "string",
                "description": "Query result output file path",
                "description_kind": "plain",
                "optional": true
              }
            },
            "block_types": {
              "filter": {
                "nesting_mode": "set",
                "block": {
                  "attributes": {
                    "name": {
                      "type": "string",
                      "description": "filter variable name",
                      "description_kind": "plain",
                      "required": true
                    },
                    "values": {
                      "type": [
                        "list",
                        "string"
                      ],
                      "description": "filter variable value list",
                      "description_kind": "plain",
                      "required": true
                    }
                  },
                  "description": "only support filter string/int/bool value",
                  "description_kind": "plain"
                }
              }
            },
            "description_kind": "plain"
          }
        },
        "baiducloud_blb_listeners": {
          "version": 0,
          "block": {
            "attributes": {
              "blb_id": {
                "type": "string",
                "description": "ID of the LoadBalance instance",
                "description_kind": "plain",
                "required": true
              },
              "id": {
                "type": "string",
                "description_kind": "plain",
                "optional": true,
                "computed": true
              },
              "listener_port": {
                "type": "number",
                "description": "The port of the Listener to be queried",
                "description_kind": "plain",
                "optional": true
              },
              "listeners": {
                "type": [
                  "list",
                  [
                    "object",
                    {
                      "applied_ciphers": "string",
                      "backend_port": "number",
                      "cert_ids": [
                        "list",
                        "string"
                      ],
                      "client_cert_ids": [
                        "list",
                        "string"
                      ],
                      "dual_auth": "bool",
                      "encryption_protocols": [
                        "list",
                        "string"
                      ],
                      "encryption_type": "string",
                      "get_blb_ip": "bool",
                      "health_check_interval": "number",
                      "health_check_normal_status": "string",
                      "health_check_port": "number",
                      "health_check_string": "string",
                      "health_check_timeout_in_second": "number",
                      "health_check_type": "string",
                      "health_check_uri": "string",
                      "healthy_threshold": "number",
                      "ie6_compatible": "bool",
                      "keep_session": "bool",
                      "keep_session_cookie_name": "string",
                      "keep_session_duration": "number",
                      "keep_session_timeout": "number",
                      "keep_session_type": "string",
                      "listener_port": "number",
                      "protocol": "string",
                      "redirect_port": "number",
                      "scheduler": "string",
                      "server_timeout": "number",
                      "tcp_session_timeout": "number",
                      "udp_session_timeout": "number",
                      "unhealthy_threshold": "number",
                      "x_forwarded_for": "bool"
                    }
                  ]
                ],
                "description": "A list of LoadBalance Listener",
                "description_kind": "plain",
                "computed": true
              },
              "output_file": {
                "type": "string",
                "description": "Query result output file path",
                "description_kind": "plain",
                "optional": true
              },
              "protocol": {
                "type": "string",
                "description": "Protocol of the Listener to be queried",
                "description_kind": "plain",
                "optional": true
              }
            },
            "block_types": {
              "filter": {
                "nesting_mode": "set",
                "block": {
                  "attributes": {
                    "name": {
                      "type": "string",
                      "description": "filter variable name",
                      "description_kind": "plain",
                      "required": true
                    },
                    "values": {
                      "type": [
                        "list",
                        "string"
                      ],
                      "description": "filter variable value list",
                      "description_kind": "plain",
                      "required": true
                    }
                  },
                  "description": "only support filter string/int/bool value",
                  "description_kind": "plain"
                }
              }
            },
            "description_kind": "plain"
          }
        },
        "baiducloud_blb_securitygroups": {
          "version": 0,
          "block": {
            "attributes": {
              "bind_security_groups": {
                "type": [
                  "list",
                  [
                    "object",
                    {
                      "security_group_desc": "string",
                      "security_group_id": "string",
                      "security_group_name": "string",
                      "security_group_rules": [
                        "list",
                        [
                          "object",
                          {
                            "dest_group_id": "string",
                            "dest_ip": "string",
                            "direction": "string",
                            "ethertype": "string",
                            "port_range": "string",
                            "protocol": "string",
                            "security_group_rule_id": "string"
                          }
                        ]
                      ],
                      "vpc_name": "string"
                    }
                  ]
                ],
                "description": "blb bind security_groups",
                "description_kind": "plain",
                "computed": true
              },
              "blb_id": {
                "type": "string",
                "description": "id of the blb",
                "description_kind": "plain",
                "required": true
              },
              "id": {
                "type": "string",
                "description_kind": "plain",
                "optional": true,
                "computed": true
              },
              "output_file": {
                "type": "string",
                "description": "blb securitygroup search result output file",
                "description_kind": "plain",
                "optional": true
              }
            },
            "block_types": {
              "filter": {
                "nesting_mode": "set",
                "block": {
                  "attributes": {
                    "name": {
                      "type": "string",
                      "description": "filter variable name",
                      "description_kind": "plain",
                      "required": true
                    },
                    "values": {
                      "type": [
                        "list",
                        "string"
                      ],
                      "description": "filter variable value list",
                      "description_kind": "plain",
                      "required": true
                    }
                  },
                  "description": "only support filter string/int/bool value",
                  "description_kind": "plain"
                }
              }
            },
            "description_kind": "plain"
          }
        },
        "baiducloud_blbs": {
          "version": 0,
          "block": {
            "attributes": {
              "address": {
                "type": "string",
                "description": "Address ip of the LoadBalance instance to be queried",
                "description_kind": "plain",
                "optional": true
              },
              "bcc_id": {
                "type": "string",
                "description": "ID of the BCC instance bound to the LoadBalance",
                "description_kind": "plain",
                "optional": true
              },
              "blb_id": {
                "type": "string",
                "description": "ID of the LoadBalance instance to be queried",
                "description_kind": "plain",
                "optional": true
              },
              "blbs": {
                "type": [
                  "list",
                  [
                    "object",
                    {
                      "address": "string",
                      "blb_id": "string",
                      "cidr": "string",
                      "create_time": "string",
                      "description": "string",
                      "listener": [
                        "list",
                        [
                          "object",
                          {
                            "port": "number",
                            "type": "string"
                          }
                        ]
                      ],
                      "name": "string",
                      "public_ip": "string",
                      "status": "string",
                      "subnet_id": "string",
                      "tags": [
                        "map",
                        "string"
                      ],
                      "vpc_id": "string",
                      "vpc_name": "string"
                    }
                  ]
                ],
                "description": "A list of lication LoadBalance Instance",
                "description_kind": "plain",
                "computed": true
              },
              "exactly_match": {
                "type": "bool",
                "description": "Whether the query condition is an exact match or not, default false",
                "description_kind": "plain",
                "optional": true
              },
              "id": {
                "type": "string",
                "description_kind": "plain",
                "optional": true,
                "computed": true
              },
              "name": {
                "type": "string",
                "description": "Name of the LoadBalance instance to be queried",
                "description_kind": "plain",
                "optional": true
              },
              "output_file": {
                "type": "string",
                "description": "Query result output file path",
                "description_kind": "plain",
                "optional": true
              }
            },
            "block_types": {
              "filter": {
                "nesting_mode": "set",
                "block": {
                  "attributes": {
                    "name": {
                      "type": "string",
                      "description": "filter variable name",
                      "description_kind": "plain",
                      "required": true
                    },
                    "values": {
                      "type": [
                        "list",
                        "string"
                      ],
                      "description": "filter variable value list",
                      "description_kind": "plain",
                      "required": true
                    }
                  },
                  "description": "only support filter string/int/bool value",
                  "description_kind": "plain"
                }
              }
            },
            "description_kind": "plain"
          }
        },
        "baiducloud_bls_log_stores": {
          "version": 0,
          "block": {
            "attributes": {
              "id": {
                "type": "string",
                "description_kind": "plain",
                "optional": true,
                "computed": true
              },
              "log_stores": {
                "type": [
                  "list",
                  [
                    "object",
                    {
                      "creation_date_time": "string",
                      "last_modified_time": "string",
                      "log_store_name": "string",
                      "retention": "number"
                    }
                  ]
                ],
                "description": "log store list",
                "description_kind": "plain",
                "computed": true
              },
              "name_pattern": {
                "type": "string",
                "description": "Log store namePattern",
                "description_kind": "plain",
                "optional": true
              },
              "order": {
                "type": "string",
                "description": "search order",
                "description_kind": "plain",
                "optional": true
              },
              "order_by": {
                "type": "string",
                "description": "order field",
                "description_kind": "plain",
                "optional": true
              },
              "output_file": {
                "type": "string",
                "description": "log stores search result output file",
                "description_kind": "plain",
                "optional": true
              },
              "page_no": {
                "type": "number",
                "description": "number of page ",
                "description_kind": "plain",
                "optional": true
              },
              "page_size": {
                "type": "number",
                "description": "size of page",
                "description_kind": "plain",
                "optional": true
              },
              "total_count": {
                "type": "number",
                "description": "Total number of items",
                "description_kind": "plain",
                "optional": true,
                "computed": true
              }
            },
            "block_types": {
              "filter": {
                "nesting_mode": "set",
                "block": {
                  "attributes": {
                    "name": {
                      "type": "string",
                      "description": "filter variable name",
                      "description_kind": "plain",
                      "required": true
                    },
                    "values": {
                      "type": [
                        "list",
                        "string"
                      ],
                      "description": "filter variable value list",
                      "description_kind": "plain",
                      "required": true
                    }
                  },
                  "description": "only support filter string/int/bool value",
                  "description_kind": "plain"
                }
              }
            },
            "description_kind": "plain"
          }
        },
        "baiducloud_bos_bucket_objects": {
          "version": 0,
          "block": {
            "attributes": {
              "bucket": {
                "type": "string",
                "description": "Bucket name of the objects to retrieve.",
                "description_kind": "plain",
                "required": true
              },
              "id": {
                "type": "string",
                "description_kind": "plain",
                "optional": true,
                "computed": true
              },
              "objects": {
                "type": [
                  "list",
                  [
                    "object",
                    {
                      "acl": "string",
                      "bucket": "string",
                      "cache_control": "string",
                      "content_crc32": "string",
                      "content_disposition": "string",
                      "content_encoding": "string",
                      "content_length": "number",
                      "content_md5": "string",
                      "content_sha256": "string",
                      "content_type": "string",
                      "etag": "string",
                      "expires": "string",
                      "key": "string",
                      "last_modified": "string",
                      "owner_id": "string",
                      "owner_name": "string",
                      "size": "number",
                      "storage_class": "string",
                      "user_meta": [
                        "map",
                        "string"
                      ]
                    }
                  ]
                ],
                "description": "List of the objects.",
                "description_kind": "plain",
                "computed": true
              },
              "output_file": {
                "type": "string",
                "description": "Output file for saving result.",
                "description_kind": "plain",
                "optional": true
              },
              "prefix": {
                "type": "string",
                "description": "Prefix of the objects.",
                "description_kind": "plain",
                "optional": true
              }
            },
            "block_types": {
              "filter": {
                "nesting_mode": "set",
                "block": {
                  "attributes": {
                    "name": {
                      "type": "string",
                      "description": "filter variable name",
                      "description_kind": "plain",
                      "required": true
                    },
                    "values": {
                      "type": [
                        "list",
                        "string"
                      ],
                      "description": "filter variable value list",
                      "description_kind": "plain",
                      "required": true
                    }
                  },
                  "description": "only support filter string/int/bool value",
                  "description_kind": "plain"
                }
              }
            },
            "description_kind": "plain"
          }
        },
        "baiducloud_bos_buckets": {
          "version": 0,
          "block": {
            "attributes": {
              "bucket": {
                "type": "string",
                "description": "Name of the bucket to retrieve.",
                "description_kind": "plain",
                "optional": true
              },
              "buckets": {
                "type": [
                  "list",
                  [
                    "object",
                    {
                      "acl": "string",
                      "bucket": "string",
                      "copyright_protection": [
                        "list",
                        [
                          "object",
                          {
                            "resource": [
                              "list",
                              "string"
                            ]
                          }
                        ]
                      ],
                      "cors_rule": [
                        "list",
                        [
                          "object",
                          {
                            "allowed_expose_headers": [
                              "list",
                              "string"
                            ],
                            "allowed_headers": [
                              "list",
                              "string"
                            ],
                            "allowed_methods": [
                              "list",
                              "string"
                            ],
                            "allowed_origins": [
                              "list",
                              "string"
                            ],
                            "max_age_seconds": "number"
                          }
                        ]
                      ],
                      "creation_date": "string",
                      "lifecycle_rule": [
                        "list",
                        [
                          "object",
                          {
                            "action": [
                              "list",
                              [
                                "object",
                                {
                                  "name": "string",
                                  "storage_class": "string"
                                }
                              ]
                            ],
                            "condition": [
                              "list",
                              [
                                "object",
                                {
                                  "time": [
                                    "list",
                                    [
                                      "object",
                                      {
                                        "date_greater_than": "string"
                                      }
                                    ]
                                  ]
                                }
                              ]
                            ],
                            "id": "string",
                            "resource": [
                              "list",
                              "string"
                            ],
                            "status": "string"
                          }
                        ]
                      ],
                      "location": "string",
                      "logging": [
                        "list",
                        [
                          "object",
                          {
                            "target_bucket": "string",
                            "target_prefix": "string"
                          }
                        ]
                      ],
                      "owner_id": "string",
                      "owner_name": "string",
                      "replication_configuration": [
                        "list",
                        [
                          "object",
                          {
                            "destination": [
                              "list",
                              [
                                "object",
                                {
                                  "bucket": "string",
                                  "storage_class": "string"
                                }
                              ]
                            ],
                            "id": "string",
                            "replicate_deletes": "string",
                            "replicate_history": [
                              "list",
                              [
                                "object",
                                {
                                  "bucket": "string",
                                  "storage_class": "string"
                                }
                              ]
                            ],
                            "resource": [
                              "list",
                              "string"
                            ],
                            "status": "string"
                          }
                        ]
                      ],
                      "server_side_encryption_rule": "string",
                      "storage_class": "string",
                      "website": [
                        "list",
                        [
                          "object",
                          {
                            "error_document": "string",
                            "index_document": "string"
                          }
                        ]
                      ]
                    }
                  ]
                ],
                "description": "List of buckets.",
                "description_kind": "plain",
                "computed": true
              },
              "id": {
                "type": "string",
                "description_kind": "plain",
                "optional": true,
                "computed": true
              },
              "output_file": {
                "type": "string",
                "description": "Output file for saving result.",
                "description_kind": "plain",
                "optional": true
              }
            },
            "block_types": {
              "filter": {
                "nesting_mode": "set",
                "block": {
                  "attributes": {
                    "name": {
                      "type": "string",
                      "description": "filter variable name",
                      "description_kind": "plain",
                      "required": true
                    },
                    "values": {
                      "type": [
                        "list",
                        "string"
                      ],
                      "description": "filter variable value list",
                      "description_kind": "plain",
                      "required": true
                    }
                  },
                  "description": "only support filter string/int/bool value",
                  "description_kind": "plain"
                }
              }
            },
            "description_kind": "plain"
          }
        },
        "baiducloud_cce_cluster_nodes": {
          "version": 0,
          "block": {
            "attributes": {
              "available_zone": {
                "type": "string",
                "description": "Available zone of the cluster node.",
                "description_kind": "plain",
                "optional": true
              },
              "cluster_uuid": {
                "type": "string",
                "description": "UUID of the cce cluster.",
                "description_kind": "plain",
                "required": true
              },
              "id": {
                "type": "string",
                "description_kind": "plain",
                "optional": true,
                "computed": true
              },
              "instance_id": {
                "type": "string",
                "description": "ID of the search instance.",
                "description_kind": "plain",
                "optional": true
              },
              "instance_name_regex": {
                "type": "string",
                "description": "Regex pattern of the search spec name.",
                "description_kind": "plain",
                "optional": true
              },
              "instance_type": {
                "type": "string",
                "description": "Type of the search instance.",
                "description_kind": "plain",
                "optional": true
              },
              "nodes": {
                "type": [
                  "list",
                  [
                    "object",
                    {
                      "available_zone": "string",
                      "blb": "string",
                      "cpu": "number",
                      "create_time": "string",
                      "delete_time": "string",
                      "disk_size": "number",
                      "eip": "string",
                      "eip_bandwidth": "number",
                      "expire_time": "string",
                      "fix_ip": "string",
                      "floating_ip": "string",
                      "instance_id": "string",
                      "instance_name": "string",
                      "instance_type": "string",
                      "instance_uuid": "string",
                      "memory": "number",
                      "payment_method": "string",
                      "runtime_version": "string",
                      "status": "string",
                      "subnet_id": "string",
                      "subnet_type": "string",
                      "sys_disk": "number",
                      "vpc_cidr": "string",
                      "vpc_id": "string"
                    }
                  ]
                ],
                "description": "Result of the cluster nodes list.",
                "description_kind": "plain",
                "computed": true
              },
              "subnet_id": {
                "type": "string",
                "description": "ID of the subnet.",
                "description_kind": "plain",
                "optional": true
              }
            },
            "description_kind": "plain"
          }
        },
        "baiducloud_cce_container_net": {
          "version": 0,
          "block": {
            "attributes": {
              "capacity": {
                "type": "number",
                "description": "container net capacity",
                "description_kind": "plain",
                "computed": true
              },
              "container_net": {
                "type": "string",
                "description": "container net",
                "description_kind": "plain",
                "computed": true
              },
              "id": {
                "type": "string",
                "description_kind": "plain",
                "optional": true,
                "computed": true
              },
              "size": {
                "type": "number",
                "description": "CCE used max container count",
                "description_kind": "plain",
                "optional": true
              },
              "vpc_cidr": {
                "type": "string",
                "description": "CCE used vpc cidr",
                "description_kind": "plain",
                "required": true
              },
              "vpc_id": {
                "type": "string",
                "description": "CCE used vpc id",
                "description_kind": "plain",
                "required": true
              }
            },
            "description_kind": "plain"
          }
        },
        "baiducloud_cce_kubeconfig": {
          "version": 0,
          "block": {
            "attributes": {
              "cluster_uuid": {
                "type": "string",
                "description": "UUID of the cce cluster.",
                "description_kind": "plain",
                "required": true
              },
              "config_type": {
                "type": "string",
                "description": "Config type of the cce cluster.",
                "description_kind": "plain",
                "optional": true
              },
              "data": {
                "type": "string",
                "description": "Data of the cce kubeconfig.",
                "description_kind": "plain",
                "computed": true
              },
              "id": {
                "type": "string",
                "description_kind": "plain",
                "optional": true,
                "computed": true
              },
              "output_file": {
                "type": "string",
                "description": "Output file for saving result.",
                "description_kind": "plain",
                "optional": true
              }
            },
            "description_kind": "plain"
          }
        },
        "baiducloud_cce_versions": {
          "version": 0,
          "block": {
            "attributes": {
              "id": {
                "type": "string",
                "description_kind": "plain",
                "optional": true,
                "computed": true
              },
              "output_file": {
                "type": "string",
                "description": "Output file for saving result.",
                "description_kind": "plain",
                "optional": true
              },
              "version_regex": {
                "type": "string",
                "description": "Regex pattern of the search version",
                "description_kind": "plain",
                "optional": true
              },
              "versions": {
                "type": [
                  "list",
                  "string"
                ],
                "description": "Useful kubernetes version list",
                "description_kind": "plain",
                "computed": true
              }
            },
            "description_kind": "plain"
          }
        },
        "baiducloud_ccev2_cluster_instances": {
          "version": 0,
          "block": {
            "attributes": {
              "cluster_id": {
                "type": "string",
                "description": "CCEv2 Cluster ID",
                "description_kind": "plain",
                "required": true
              },
              "id": {
                "type": "string",
                "description_kind": "plain",
                "optional": true,
                "computed": true
              },
              "keyword": {
                "type": "string",
                "description": "The search keyword",
                "description_kind": "plain",
                "optional": true
              },
              "keyword_type": {
                "type": "string",
                "description": "Keyword type. Available Value: [instanceName, instanceID].",
                "description_kind": "plain",
                "optional": true
              },
              "master_list": {
                "type": [
                  "list",
                  [
                    "object",
                    {
                      "created_at": "string",
                      "instance_spec": [
                        "list",
                        [
                          "object",
                          {
                            "admin_password": "string",
                            "bbc_option": [
                              "list",
                              [
                                "object",
                                {
                                  "raid_id": "string",
                                  "reserve_data": "bool",
                                  "sys_disk_size": "number"
                                }
                              ]
                            ],
                            "cce_instance_id": "string",
                            "cce_instance_priority": "number",
                            "cluster_id": "string",
                            "cluster_role": "string",
                            "delete_option": [
                              "list",
                              [
                                "object",
                                {
                                  "delete_cds_snapshot": "bool",
                                  "delete_resource": "bool",
                                  "move_out": "bool"
                                }
                              ]
                            ],
                            "deploy_custom_config": [
                              "list",
                              [
                                "object",
                                {
                                  "docker_config": [
                                    "list",
                                    [
                                      "object",
                                      {
                                        "bip": "string",
                                        "docker_data_root": "string",
                                        "docker_log_max_file": "string",
                                        "docker_log_max_size": "string",
                                        "insecure_registries": [
                                          "list",
                                          "string"
                                        ],
                                        "registry_mirrors": [
                                          "list",
                                          "string"
                                        ]
                                      }
                                    ]
                                  ],
                                  "enable_cordon": "bool",
                                  "enable_resource_reserved": "bool",
                                  "kube_reserved": [
                                    "map",
                                    "string"
                                  ],
                                  "kubelet_root_dir": "string",
                                  "post_user_script": "string",
                                  "pre_user_script": "string"
                                }
                              ]
                            ],
                            "eip_option": [
                              "list",
                              [
                                "object",
                                {
                                  "eip_bandwidth": "number",
                                  "eip_charging_type": "string",
                                  "eip_name": "string"
                                }
                              ]
                            ],
                            "existed": "bool",
                            "existed_option": [
                              "list",
                              [
                                "object",
                                {
                                  "existed_instance_id": "string",
                                  "rebuild": "bool"
                                }
                              ]
                            ],
                            "image_id": "string",
                            "instance_charging_type": "string",
                            "instance_group_id": "string",
                            "instance_group_name": "string",
                            "instance_name": "string",
                            "instance_os": [
                              "list",
                              [
                                "object",
                                {
                                  "image_name": "string",
                                  "image_type": "string",
                                  "os_arch": "string",
                                  "os_build": "string",
                                  "os_name": "string",
                                  "os_type": "string",
                                  "os_version": "string"
                                }
                              ]
                            ],
                            "instance_precharging_option": [
                              "list",
                              [
                                "object",
                                {
                                  "auto_renew": "bool",
                                  "auto_renew_time": "number",
                                  "auto_renew_time_unit": "string",
                                  "purchase_time": "number"
                                }
                              ]
                            ],
                            "instance_resource": [
                              "list",
                              [
                                "object",
                                {
                                  "cds_list": [
                                    "list",
                                    [
                                      "object",
                                      {
                                        "cds_size": "number",
                                        "path": "string",
                                        "snapshot_id": "string",
                                        "storage_type": "string"
                                      }
                                    ]
                                  ],
                                  "cpu": "number",
                                  "gpu_count": "number",
                                  "gpu_type": "string",
                                  "local_disk_size": "number",
                                  "mem": "number",
                                  "node_cpu_quota": "number",
                                  "node_mem_quota": "number",
                                  "root_disk_size": "number",
                                  "root_disk_type": "string"
                                }
                              ]
                            ],
                            "instance_taints": [
                              "list",
                              [
                                "object",
                                {
                                  "effect": "string",
                                  "key": "string",
                                  "time_added": "string",
                                  "value": "string"
                                }
                              ]
                            ],
                            "instance_type": "string",
                            "labels": [
                              "map",
                              "string"
                            ],
                            "machine_type": "string",
                            "master_type": "string",
                            "need_eip": "bool",
                            "runtime_type": "string",
                            "runtime_version": "string",
                            "ssh_key_id": "string",
                            "tag_list": [
                              "list",
                              [
                                "object",
                                {
                                  "tag_key": "string",
                                  "tag_value": "string"
                                }
                              ]
                            ],
                            "vpc_config": [
                              "list",
                              [
                                "object",
                                {
                                  "available_zone": "string",
                                  "security_group_id": "string",
                                  "vpc_id": "string",
                                  "vpc_subnet_cidr": "string",
                                  "vpc_subnet_cidr_ipv6": "string",
                                  "vpc_subnet_id": "string",
                                  "vpc_subnet_type": "string"
                                }
                              ]
                            ]
                          }
                        ]
                      ],
                      "instance_status": [
                        "list",
                        [
                          "object",
                          {
                            "instance_phase": "string",
                            "machine": [
                              "list",
                              [
                                "object",
                                {
                                  "eip": "string",
                                  "instance_id": "string",
                                  "mount_list": [
                                    "list",
                                    [
                                      "object",
                                      {
                                        "cds_id": "string",
                                        "cds_size": "number",
                                        "device": "string",
                                        "path": "string",
                                        "storage_type": "string"
                                      }
                                    ]
                                  ],
                                  "order_id": "string",
                                  "vpc_ip": "string",
                                  "vpc_ip_ipv6": "string"
                                }
                              ]
                            ],
                            "machine_status": "string"
                          }
                        ]
                      ],
                      "updated_at": "string"
                    }
                  ]
                ],
                "description": "The search result",
                "description_kind": "plain",
                "computed": true
              },
              "nodes_list": {
                "type": [
                  "list",
                  [
                    "object",
                    {
                      "created_at": "string",
                      "instance_spec": [
                        "list",
                        [
                          "object",
                          {
                            "admin_password": "string",
                            "bbc_option": [
                              "list",
                              [
                                "object",
                                {
                                  "raid_id": "string",
                                  "reserve_data": "bool",
                                  "sys_disk_size": "number"
                                }
                              ]
                            ],
                            "cce_instance_id": "string",
                            "cce_instance_priority": "number",
                            "cluster_id": "string",
                            "cluster_role": "string",
                            "delete_option": [
                              "list",
                              [
                                "object",
                                {
                                  "delete_cds_snapshot": "bool",
                                  "delete_resource": "bool",
                                  "move_out": "bool"
                                }
                              ]
                            ],
                            "deploy_custom_config": [
                              "list",
                              [
                                "object",
                                {
                                  "docker_config": [
                                    "list",
                                    [
                                      "object",
                                      {
                                        "bip": "string",
                                        "docker_data_root": "string",
                                        "docker_log_max_file": "string",
                                        "docker_log_max_size": "string",
                                        "insecure_registries": [
                                          "list",
                                          "string"
                                        ],
                                        "registry_mirrors": [
                                          "list",
                                          "string"
                                        ]
                                      }
                                    ]
                                  ],
                                  "enable_cordon": "bool",
                                  "enable_resource_reserved": "bool",
                                  "kube_reserved": [
                                    "map",
                                    "string"
                                  ],
                                  "kubelet_root_dir": "string",
                                  "post_user_script": "string",
                                  "pre_user_script": "string"
                                }
                              ]
                            ],
                            "eip_option": [
                              "list",
                              [
                                "object",
                                {
                                  "eip_bandwidth": "number",
                                  "eip_charging_type": "string",
                                  "eip_name": "string"
                                }
                              ]
                            ],
                            "existed": "bool",
                            "existed_option": [
                              "list",
                              [
                                "object",
                                {
                                  "existed_instance_id": "string",
                                  "rebuild": "bool"
                                }
                              ]
                            ],
                            "image_id": "string",
                            "instance_charging_type": "string",
                            "instance_group_id": "string",
                            "instance_group_name": "string",
                            "instance_name": "string",
                            "instance_os": [
                              "list",
                              [
                                "object",
                                {
                                  "image_name": "string",
                                  "image_type": "string",
                                  "os_arch": "string",
                                  "os_build": "string",
                                  "os_name": "string",
                                  "os_type": "string",
                                  "os_version": "string"
                                }
                              ]
                            ],
                            "instance_precharging_option": [
                              "list",
                              [
                                "object",
                                {
                                  "auto_renew": "bool",
                                  "auto_renew_time": "number",
                                  "auto_renew_time_unit": "string",
                                  "purchase_time": "number"
                                }
                              ]
                            ],
                            "instance_resource": [
                              "list",
                              [
                                "object",
                                {
                                  "cds_list": [
                                    "list",
                                    [
                                      "object",
                                      {
                                        "cds_size": "number",
                                        "path": "string",
                                        "snapshot_id": "string",
                                        "storage_type": "string"
                                      }
                                    ]
                                  ],
                                  "cpu": "number",
                                  "gpu_count": "number",
                                  "gpu_type": "string",
                                  "local_disk_size": "number",
                                  "mem": "number",
                                  "node_cpu_quota": "number",
                                  "node_mem_quota": "number",
                                  "root_disk_size": "number",
                                  "root_disk_type": "string"
                                }
                              ]
                            ],
                            "instance_taints": [
                              "list",
                              [
                                "object",
                                {
                                  "effect": "string",
                                  "key": "string",
                                  "time_added": "string",
                                  "value": "string"
                                }
                              ]
                            ],
                            "instance_type": "string",
                            "labels": [
                              "map",
                              "string"
                            ],
                            "machine_type": "string",
                            "master_type": "string",
                            "need_eip": "bool",
                            "runtime_type": "string",
                            "runtime_version": "string",
                            "ssh_key_id": "string",
                            "tag_list": [
                              "list",
                              [
                                "object",
                                {
                                  "tag_key": "string",
                                  "tag_value": "string"
                                }
                              ]
                            ],
                            "vpc_config": [
                              "list",
                              [
                                "object",
                                {
                                  "available_zone": "string",
                                  "security_group_id": "string",
                                  "vpc_id": "string",
                                  "vpc_subnet_cidr": "string",
                                  "vpc_subnet_cidr_ipv6": "string",
                                  "vpc_subnet_id": "string",
                                  "vpc_subnet_type": "string"
                                }
                              ]
                            ]
                          }
                        ]
                      ],
                      "instance_status": [
                        "list",
                        [
                          "object",
                          {
                            "instance_phase": "string",
                            "machine": [
                              "list",
                              [
                                "object",
                                {
                                  "eip": "string",
                                  "instance_id": "string",
                                  "mount_list": [
                                    "list",
                                    [
                                      "object",
                                      {
                                        "cds_id": "string",
                                        "cds_size": "number",
                                        "device": "string",
                                        "path": "string",
                                        "storage_type": "string"
                                      }
                                    ]
                                  ],
                                  "order_id": "string",
                                  "vpc_ip": "string",
                                  "vpc_ip_ipv6": "string"
                                }
                              ]
                            ],
                            "machine_status": "string"
                          }
                        ]
                      ],
                      "updated_at": "string"
                    }
                  ]
                ],
                "description": "The search result",
                "description_kind": "plain",
                "computed": true
              },
              "order": {
                "type": "string",
                "description": "Ascendant or descendant order. Available Value: [ASC, DESC].",
                "description_kind": "plain",
                "optional": true
              },
              "order_by": {
                "type": "string",
                "description": "The field that used to order the list. Available Value: [instanceName, instanceID, createdAt].",
                "description_kind": "plain",
                "optional": true
              },
              "page_no": {
                "type": "number",
                "description": "Page number of query result",
                "description_kind": "plain",
                "optional": true
              },
              "page_size": {
                "type": "number",
                "description": "The size of every page",
                "description_kind": "plain",
                "optional": true
              },
              "total_count": {
                "type": "number",
                "description": "The total count of the result",
                "description_kind": "plain",
                "computed": true
              }
            },
            "description_kind": "plain"
          }
        },
        "baiducloud_ccev2_clusterip_cidr": {
          "version": 0,
          "block": {
            "attributes": {
              "cluster_max_service_num": {
                "type": "number",
                "description": "Max service number in the cluster",
                "description_kind": "plain",
                "optional": true
              },
              "container_cidr": {
                "type": "string",
                "description": "Container CIDR",
                "description_kind": "plain",
                "optional": true
              },
              "container_cidr_ipv6": {
                "type": "string",
                "description": "Container CIDR IPv6",
                "description_kind": "plain",
                "optional": true
              },
              "err_msg": {
                "type": "string",
                "description": "Error message if an error occurs",
                "description_kind": "plain",
                "computed": true
              },
              "id": {
                "type": "string",
                "description_kind": "plain",
                "optional": true,
                "computed": true
              },
              "ip_version": {
                "type": "string",
                "description": "IP Version",
                "description_kind": "plain",
                "optional": true
              },
              "is_success": {
                "type": "bool",
                "description": "Is the recommendation request success",
                "description_kind": "plain",
                "computed": true
              },
              "output_file": {
                "type": "string",
                "description": "Result output file",
                "description_kind": "plain",
                "optional": true
              },
              "private_net_cidrs": {
                "type": [
                  "list",
                  "string"
                ],
                "description": "Private Net CIDRs",
                "description_kind": "plain",
                "optional": true
              },
              "private_net_cidrs_ipv6": {
                "type": [
                  "list",
                  "string"
                ],
                "description": "Private Net CIDRs IPv6",
                "description_kind": "plain",
                "optional": true
              },
              "recommended_clusterip_cidrs": {
                "type": [
                  "list",
                  "string"
                ],
                "description": "Recommend Cluster IP CIDR List",
                "description_kind": "plain",
                "computed": true
              },
              "recommended_clusterip_cidrs_ipv6": {
                "type": [
                  "list",
                  "string"
                ],
                "description": "Recommend Cluster IP CIDR List IPv6",
                "description_kind": "plain",
                "computed": true
              },
              "request_id": {
                "type": "string",
                "description": "Request ID",
                "description_kind": "plain",
                "computed": true
              },
              "vpc_cidr": {
                "type": "string",
                "description": "VPC CIDR",
                "description_kind": "plain",
                "optional": true
              },
              "vpc_cidr_ipv6": {
                "type": "string",
                "description": "VPC CIDR IPv6",
                "description_kind": "plain",
                "optional": true
              }
            },
            "description_kind": "plain"
          }
        },
        "baiducloud_ccev2_container_cidr": {
          "version": 0,
          "block": {
            "attributes": {
              "cluster_max_node_num": {
                "type": "number",
                "description": "Max node number in a cluster",
                "description_kind": "plain",
                "optional": true
              },
              "err_msg": {
                "type": "string",
                "description": "Error message if an error occures",
                "description_kind": "plain",
                "computed": true
              },
              "id": {
                "type": "string",
                "description_kind": "plain",
                "optional": true,
                "computed": true
              },
              "ip_version": {
                "type": "string",
                "description": "IP version",
                "description_kind": "plain",
                "optional": true
              },
              "is_success": {
                "type": "bool",
                "description": "Whether the recommendation success",
                "description_kind": "plain",
                "computed": true
              },
              "k8s_version": {
                "type": "string",
                "description": "K8s Version",
                "description_kind": "plain",
                "optional": true
              },
              "max_pods_per_node": {
                "type": "number",
                "description": "Max pod number in a node",
                "description_kind": "plain",
                "optional": true
              },
              "output_file": {
                "type": "string",
                "description": "Eips search result output file",
                "description_kind": "plain",
                "optional": true
              },
              "private_net_cidrs": {
                "type": [
                  "list",
                  "string"
                ],
                "description": "Private Net CIDR List",
                "description_kind": "plain",
                "optional": true
              },
              "private_net_cidrs_ipv6": {
                "type": [
                  "list",
                  "string"
                ],
                "description": "Private Net CIDR List IPv6",
                "description_kind": "plain",
                "optional": true
              },
              "recommended_container_cidrs": {
                "type": [
                  "list",
                  "string"
                ],
                "description": "Recomment Container CIDR",
                "description_kind": "plain",
                "computed": true
              },
              "recommended_container_cidrs_ipv6": {
                "type": [
                  "list",
                  "string"
                ],
                "description": "Recomment Container CIDRs IPv6",
                "description_kind": "plain",
                "computed": true
              },
              "request_id": {
                "type": "string",
                "description": "Request ID",
                "description_kind": "plain",
                "computed": true
              },
              "vpc_cidr": {
                "type": "string",
                "description": "VPC CIDR",
                "description_kind": "plain",
                "optional": true
              },
              "vpc_cidr_ipv6": {
                "type": "string",
                "description": "VPC CIDR IPv6",
                "description_kind": "plain",
                "optional": true
              },
              "vpc_id": {
                "type": "string",
                "description": "VPC ID",
                "description_kind": "plain",
                "optional": true
              }
            },
            "description_kind": "plain"
          }
        },
        "baiducloud_ccev2_instance_group_instances": {
          "version": 0,
          "block": {
            "attributes": {
              "cluster_id": {
                "type": "string",
                "description": "CCEv2 Cluster ID",
                "description_kind": "plain",
                "required": true
              },
              "id": {
                "type": "string",
                "description_kind": "plain",
                "optional": true,
                "computed": true
              },
              "instance_group_id": {
                "type": "string",
                "description": "CCEv2 instance group ID. instanceName/instanceID",
                "description_kind": "plain",
                "required": true
              },
              "instance_list": {
                "type": [
                  "list",
                  [
                    "object",
                    {
                      "created_at": "string",
                      "instance_spec": [
                        "list",
                        [
                          "object",
                          {
                            "admin_password": "string",
                            "bbc_option": [
                              "list",
                              [
                                "object",
                                {
                                  "raid_id": "string",
                                  "reserve_data": "bool",
                                  "sys_disk_size": "number"
                                }
                              ]
                            ],
                            "cce_instance_id": "string",
                            "cce_instance_priority": "number",
                            "cluster_id": "string",
                            "cluster_role": "string",
                            "delete_option": [
                              "list",
                              [
                                "object",
                                {
                                  "delete_cds_snapshot": "bool",
                                  "delete_resource": "bool",
                                  "move_out": "bool"
                                }
                              ]
                            ],
                            "deploy_custom_config": [
                              "list",
                              [
                                "object",
                                {
                                  "docker_config": [
                                    "list",
                                    [
                                      "object",
                                      {
                                        "bip": "string",
                                        "docker_data_root": "string",
                                        "docker_log_max_file": "string",
                                        "docker_log_max_size": "string",
                                        "insecure_registries": [
                                          "list",
                                          "string"
                                        ],
                                        "registry_mirrors": [
                                          "list",
                                          "string"
                                        ]
                                      }
                                    ]
                                  ],
                                  "enable_cordon": "bool",
                                  "enable_resource_reserved": "bool",
                                  "kube_reserved": [
                                    "map",
                                    "string"
                                  ],
                                  "kubelet_root_dir": "string",
                                  "post_user_script": "string",
                                  "pre_user_script": "string"
                                }
                              ]
                            ],
                            "eip_option": [
                              "list",
                              [
                                "object",
                                {
                                  "eip_bandwidth": "number",
                                  "eip_charging_type": "string",
                                  "eip_name": "string"
                                }
                              ]
                            ],
                            "existed": "bool",
                            "existed_option": [
                              "list",
                              [
                                "object",
                                {
                                  "existed_instance_id": "string",
                                  "rebuild": "bool"
                                }
                              ]
                            ],
                            "image_id": "string",
                            "instance_charging_type": "string",
                            "instance_group_id": "string",
                            "instance_group_name": "string",
                            "instance_name": "string",
                            "instance_os": [
                              "list",
                              [
                                "object",
                                {
                                  "image_name": "string",
                                  "image_type": "string",
                                  "os_arch": "string",
                                  "os_build": "string",
                                  "os_name": "string",
                                  "os_type": "string",
                                  "os_version": "string"
                                }
                              ]
                            ],
                            "instance_precharging_option": [
                              "list",
                              [
                                "object",
                                {
                                  "auto_renew": "bool",
                                  "auto_renew_time": "number",
                                  "auto_renew_time_unit": "string",
                                  "purchase_time": "number"
                                }
                              ]
                            ],
                            "instance_resource": [
                              "list",
                              [
                                "object",
                                {
                                  "cds_list": [
                                    "list",
                                    [
                                      "object",
                                      {
                                        "cds_size": "number",
                                        "path": "string",
                                        "snapshot_id": "string",
                                        "storage_type": "string"
                                      }
                                    ]
                                  ],
                                  "cpu": "number",
                                  "gpu_count": "number",
                                  "gpu_type": "string",
                                  "local_disk_size": "number",
                                  "mem": "number",
                                  "node_cpu_quota": "number",
                                  "node_mem_quota": "number",
                                  "root_disk_size": "number",
                                  "root_disk_type": "string"
                                }
                              ]
                            ],
                            "instance_taints": [
                              "list",
                              [
                                "object",
                                {
                                  "effect": "string",
                                  "key": "string",
                                  "time_added": "string",
                                  "value": "string"
                                }
                              ]
                            ],
                            "instance_type": "string",
                            "labels": [
                              "map",
                              "string"
                            ],
                            "machine_type": "string",
                            "master_type": "string",
                            "need_eip": "bool",
                            "runtime_type": "string",
                            "runtime_version": "string",
                            "ssh_key_id": "string",
                            "tag_list": [
                              "list",
                              [
                                "object",
                                {
                                  "tag_key": "string",
                                  "tag_value": "string"
                                }
                              ]
                            ],
                            "vpc_config": [
                              "list",
                              [
                                "object",
                                {
                                  "available_zone": "string",
                                  "security_group_id": "string",
                                  "vpc_id": "string",
                                  "vpc_subnet_cidr": "string",
                                  "vpc_subnet_cidr_ipv6": "string",
                                  "vpc_subnet_id": "string",
                                  "vpc_subnet_type": "string"
                                }
                              ]
                            ]
                          }
                        ]
                      ],
                      "instance_status": [
                        "list",
                        [
                          "object",
                          {
                            "instance_phase": "string",
                            "machine": [
                              "list",
                              [
                                "object",
                                {
                                  "eip": "string",
                                  "instance_id": "string",
                                  "mount_list": [
                                    "list",
                                    [
                                      "object",
                                      {
                                        "cds_id": "string",
                                        "cds_size": "number",
                                        "device": "string",
                                        "path": "string",
                                        "storage_type": "string"
                                      }
                                    ]
                                  ],
                                  "order_id": "string",
                                  "vpc_ip": "string",
                                  "vpc_ip_ipv6": "string"
                                }
                              ]
                            ],
                            "machine_status": "string"
                          }
                        ]
                      ],
                      "updated_at": "string"
                    }
                  ]
                ],
                "description": "The search result",
                "description_kind": "plain",
                "computed": true
              },
              "page_no": {
                "type": "number",
                "description": "Page number of query result",
                "description_kind": "plain",
                "optional": true
              },
              "page_size": {
                "type": "number",
                "description": "The size of every page",
                "description_kind": "plain",
                "optional": true
              },
              "total_count": {
                "type": "number",
                "description": "The total count of the result",
                "description_kind": "plain",
                "computed": true
              }
            },
            "description_kind": "plain"
          }
        },
        "baiducloud_cdn_domain_certificate": {
          "version": 0,
          "block": {
            "attributes": {
              "certificate": {
                "type": [
                  "list",
                  [
                    "object",
                    {
                      "cert_common_name": "string",
                      "cert_create_time": "string",
                      "cert_dns_names": "string",
                      "cert_id": "string",
                      "cert_name": "string",
                      "cert_start_time": "string",
                      "cert_stop_time": "string",
                      "cert_update_time": "string"
                    }
                  ]
                ],
                "description": "Certificate information.",
                "description_kind": "plain",
                "computed": true
              },
              "domain": {
                "type": "string",
                "description": "Name of the acceleration domain.",
                "description_kind": "plain",
                "required": true
              },
              "id": {
                "type": "string",
                "description_kind": "plain",
                "optional": true,
                "computed": true
              }
            },
            "description": "Use this data source to query the information of the certificate bound to the domain name. \n\n",
            "description_kind": "plain"
          }
        },
        "baiducloud_cdn_domains": {
          "version": 0,
          "block": {
            "attributes": {
              "domains": {
                "type": [
                  "list",
                  [
                    "object",
                    {
                      "domain": "string",
                      "status": "string"
                    }
                  ]
                ],
                "description": "Domain name list.",
                "description_kind": "plain",
                "computed": true
              },
              "id": {
                "type": "string",
                "description_kind": "plain",
                "optional": true,
                "computed": true
              },
              "rule": {
                "type": "string",
                "description": "Domain name filter. Support fuzzy matching. Can only contain letters, numbers and periods",
                "description_kind": "plain",
                "optional": true
              },
              "status": {
                "type": "string",
                "description": "Domain status filter. Defaults to `ALL`. Other valid values: `RUNNING`,`OPERATING`, `STOPPED`",
                "description_kind": "plain",
                "optional": true
              }
            },
            "description": "Use this data source to query all domain names under the user. \n\n",
            "description_kind": "plain"
          }
        },
        "baiducloud_cdss": {
          "version": 0,
          "block": {
            "attributes": {
              "cdss": {
                "type": [
                  "list",
                  [
                    "object",
                    {
                      "attachments": [
                        "list",
                        [
                          "object",
                          {
                            "device": "string",
                            "instance_id": "string",
                            "serial": "string",
                            "volume_id": "string"
                          }
                        ]
                      ],
                      "auto_snapshot_policy": [
                        "list",
                        [
                          "object",
                          {
                            "created_time": "string",
                            "deleted_time": "string",
                            "id": "string",
                            "last_execute_time": "string",
                            "name": "string",
                            "repeat_weekdays": [
                              "list",
                              "number"
                            ],
                            "retention_days": "number",
                            "status": "string",
                            "time_points": [
                              "list",
                              "number"
                            ],
                            "updated_time": "string",
                            "volume_count": "number"
                          }
                        ]
                      ],
                      "cds_id": "string",
                      "create_time": "string",
                      "description": "string",
                      "disk_size_in_gb": "number",
                      "expire_time": "string",
                      "is_system_volume": "bool",
                      "name": "string",
                      "payment_timing": "string",
                      "region_id": "string",
                      "snapshot_num": "string",
                      "source_snapshot_id": "string",
                      "status": "string",
                      "storage_type": "string",
                      "tags": [
                        "map",
                        "string"
                      ],
                      "type": "string",
                      "zone_name": "string"
                    }
                  ]
                ],
                "description": "CDS volume list",
                "description_kind": "plain",
                "computed": true
              },
              "id": {
                "type": "string",
                "description_kind": "plain",
                "optional": true,
                "computed": true
              },
              "instance_id": {
                "type": "string",
                "description": "CDS volume bind instance ID",
                "description_kind": "plain",
                "optional": true
              },
              "output_file": {
                "type": "string",
                "description": "CDS volume search result output file",
                "description_kind": "plain",
                "optional": true
              },
              "zone_name": {
                "type": "string",
                "description": "CDS volume zone name",
                "description_kind": "plain",
                "optional": true
              }
            },
            "block_types": {
              "filter": {
                "nesting_mode": "set",
                "block": {
                  "attributes": {
                    "name": {
                      "type": "string",
                      "description": "filter variable name",
                      "description_kind": "plain",
                      "required": true
                    },
                    "values": {
                      "type": [
                        "list",
                        "string"
                      ],
                      "description": "filter variable value list",
                      "description_kind": "plain",
                      "required": true
                    }
                  },
                  "description": "only support filter string/int/bool value",
                  "description_kind": "plain"
                }
              }
            },
            "description_kind": "plain"
          }
        },
        "baiducloud_certs": {
          "version": 0,
          "block": {
            "attributes": {
              "cert_name": {
                "type": "string",
                "description": "Name of the Cert to be queried",
                "description_kind": "plain",
                "optional": true
              },
              "certs": {
                "type": [
                  "list",
                  [
                    "object",
                    {
                      "cert_common_name": "string",
                      "cert_create_time": "string",
                      "cert_id": "string",
                      "cert_name": "string",
                      "cert_start_time": "string",
                      "cert_stop_time": "string",
                      "cert_type": "number",
                      "cert_update_time": "string"
                    }
                  ]
                ],
                "description": "A list of Cert",
                "description_kind": "plain",
                "computed": true
              },
              "id": {
                "type": "string",
                "description_kind": "plain",
                "optional": true,
                "computed": true
              },
              "output_file": {
                "type": "string",
                "description": "Certs search result output file",
                "description_kind": "plain",
                "optional": true
              }
            },
            "block_types": {
              "filter": {
                "nesting_mode": "set",
                "block": {
                  "attributes": {
                    "name": {
                      "type": "string",
                      "description": "filter variable name",
                      "description_kind": "plain",
                      "required": true
                    },
                    "values": {
                      "type": [
                        "list",
                        "string"
                      ],
                      "description": "filter variable value list",
                      "description_kind": "plain",
                      "required": true
                    }
                  },
                  "description": "only support filter string/int/bool value",
                  "description_kind": "plain"
                }
              }
            },
            "description_kind": "plain"
          }
        },
        "baiducloud_cfc_function": {
          "version": 0,
          "block": {
            "attributes": {
              "code_sha256": {
                "type": "string",
                "description": "Function code sha256",
                "description_kind": "plain",
                "computed": true
              },
              "code_size": {
                "type": "string",
                "description": "Function code size",
                "description_kind": "plain",
                "computed": true
              },
              "code_storage": {
                "type": [
                  "map",
                  "string"
                ],
                "description": "CFC Code storage information",
                "description_kind": "plain",
                "computed": true
              },
              "code_zip_file": {
                "type": "string",
                "description": "CFC Function Code base64-encoded data",
                "description_kind": "plain",
                "computed": true
              },
              "commit_id": {
                "type": "string",
                "description": "Function commit id",
                "description_kind": "plain",
                "computed": true
              },
              "description": {
                "type": "string",
                "description": "Function description",
                "description_kind": "plain",
                "computed": true
              },
              "environment": {
                "type": [
                  "map",
                  "string"
                ],
                "description": "CFC Function environment variables",
                "description_kind": "plain",
                "computed": true
              },
              "function_arn": {
                "type": "string",
                "description": "The same as function brn",
                "description_kind": "plain",
                "computed": true
              },
              "function_brn": {
                "type": "string",
                "description": "Function brn",
                "description_kind": "plain",
                "computed": true
              },
              "function_name": {
                "type": "string",
                "description": "CFC function name, length must be between 1 and 64 bytes",
                "description_kind": "plain",
                "required": true
              },
              "handler": {
                "type": "string",
                "description": "CFC Function execution handler",
                "description_kind": "plain",
                "computed": true
              },
              "id": {
                "type": "string",
                "description_kind": "plain",
                "optional": true,
                "computed": true
              },
              "last_modified": {
                "type": "string",
                "description": "The same as update_time",
                "description_kind": "plain",
                "computed": true
              },
              "log_bos_dir": {
                "type": "string",
                "description": "Log save dir if log type is bos",
                "description_kind": "plain",
                "computed": true
              },
              "log_type": {
                "type": "string",
                "description": "Log save type, support bos/none",
                "description_kind": "plain",
                "computed": true
              },
              "memory_size": {
                "type": "number",
                "description": "CFC Function memory size, should be an integer multiple of 128",
                "description_kind": "plain",
                "computed": true
              },
              "qualifier": {
                "type": "string",
                "description": "Function search qualifier",
                "description_kind": "plain",
                "optional": true
              },
              "region": {
                "type": "string",
                "description": "Function region",
                "description_kind": "plain",
                "computed": true
              },
              "reserved_concurrent_executions": {
                "type": "number",
                "description": "Function reserved concurrent executions, support [0-90]",
                "description_kind": "plain",
                "computed": true
              },
              "role": {
                "type": "string",
                "description": "Function exec role",
                "description_kind": "plain",
                "computed": true
              },
              "runtime": {
                "type": "string",
                "description": "CFC Function runtime",
                "description_kind": "plain",
                "computed": true
              },
              "source_tag": {
                "type": "string",
                "description": "CFC Function source tag",
                "description_kind": "plain",
                "computed": true
              },
              "time_out": {
                "type": "number",
                "description": "Function time out, support [1, 300]s",
                "description_kind": "plain",
                "computed": true
              },
              "uid": {
                "type": "string",
                "description": "Function user uid",
                "description_kind": "plain",
                "computed": true
              },
              "update_time": {
                "type": "string",
                "description": "Last update time",
                "description_kind": "plain",
                "computed": true
              },
              "version": {
                "type": "string",
                "description": "Function version, should only be $LATEST",
                "description_kind": "plain",
                "computed": true
              },
              "vpc_config": {
                "type": [
                  "list",
                  [
                    "object",
                    {
                      "security_group_ids": [
                        "set",
                        "string"
                      ],
                      "subnet_ids": [
                        "set",
                        "string"
                      ],
                      "vpc_id": "string"
                    }
                  ]
                ],
                "description": "Function VPC Config",
                "description_kind": "plain",
                "computed": true
              }
            },
            "description_kind": "plain"
          }
        },
        "baiducloud_cfs_mount_targets": {
          "version": 0,
          "block": {
            "attributes": {
              "fs_id": {
                "type": "string",
                "description": "CFS ID which you want query",
                "description_kind": "plain",
                "required": true
              },
              "id": {
                "type": "string",
                "description_kind": "plain",
                "optional": true,
                "computed": true
              },
              "mount_targets": {
                "type": [
                  "list",
                  [
                    "object",
                    {
                      "domain": "string",
                      "mount_id": "string",
                      "subnet_id": "string"
                    }
                  ]
                ],
                "description": "Mount targets info list.",
                "description_kind": "plain",
                "computed": true
              },
              "output_file": {
                "type": "string",
                "description": "CFS search result output file",
                "description_kind": "plain",
                "optional": true
              }
            },
            "block_types": {
              "filter": {
                "nesting_mode": "set",
                "block": {
                  "attributes": {
                    "name": {
                      "type": "string",
                      "description": "filter variable name",
                      "description_kind": "plain",
                      "required": true
                    },
                    "values": {
                      "type": [
                        "list",
                        "string"
                      ],
                      "description": "filter variable value list",
                      "description_kind": "plain",
                      "required": true
                    }
                  },
                  "description": "only support filter string/int/bool value",
                  "description_kind": "plain"
                }
              }
            },
            "description_kind": "plain"
          }
        },
        "baiducloud_cfss": {
          "version": 0,
          "block": {
            "attributes": {
              "cfss": {
                "type": [
                  "list",
                  [
                    "object",
                    {
                      "fs_id": "string",
                      "mount_target_list": [
                        "list",
                        [
                          "object",
                          {
                            "domain": "string",
                            "mount_id": "string",
                            "subnet_id": "string"
                          }
                        ]
                      ],
                      "name": "string",
                      "protocol": "string",
                      "status": "string",
                      "type": "string",
                      "vpc_id": "string"
                    }
                  ]
                ],
                "description": "cfs list",
                "description_kind": "plain",
                "computed": true
              },
              "id": {
                "type": "string",
                "description_kind": "plain",
                "optional": true,
                "computed": true
              },
              "output_file": {
                "type": "string",
                "description": "CFS search result output file",
                "description_kind": "plain",
                "optional": true
              }
            },
            "block_types": {
              "filter": {
                "nesting_mode": "set",
                "block": {
                  "attributes": {
                    "name": {
                      "type": "string",
                      "description": "filter variable name",
                      "description_kind": "plain",
                      "required": true
                    },
                    "values": {
                      "type": [
                        "list",
                        "string"
                      ],
                      "description": "filter variable value list",
                      "description_kind": "plain",
                      "required": true
                    }
                  },
                  "description": "only support filter string/int/bool value",
                  "description_kind": "plain"
                }
              }
            },
            "description_kind": "plain"
          }
        },
        "baiducloud_deploysets": {
          "version": 0,
          "block": {
            "attributes": {
              "deploy_sets": {
                "type": [
                  "list",
                  [
                    "object",
                    {
                      "az_intstance_statis_list": [
                        "list",
                        [
                          "object",
                          {
                            "bbc_instance_cnt": "number",
                            "bcc_instance_cnt": "number",
                            "instance_count": "number",
                            "instance_total": "number",
                            "zone_name": "string"
                          }
                        ]
                      ],
                      "concurrency": "number",
                      "deployset_id": "string",
                      "desc": "string",
                      "name": "string",
                      "strategy": "string"
                    }
                  ]
                ],
                "description": "Image list",
                "description_kind": "plain",
                "computed": true
              },
              "id": {
                "type": "string",
                "description_kind": "plain",
                "optional": true,
                "computed": true
              },
              "output_file": {
                "type": "string",
                "description": "deployset search result output file",
                "description_kind": "plain",
                "optional": true
              }
            },
            "block_types": {
              "filter": {
                "nesting_mode": "set",
                "block": {
                  "attributes": {
                    "name": {
                      "type": "string",
                      "description": "filter variable name",
                      "description_kind": "plain",
                      "required": true
                    },
                    "values": {
                      "type": [
                        "list",
                        "string"
                      ],
                      "description": "filter variable value list",
                      "description_kind": "plain",
                      "required": true
                    }
                  },
                  "description": "only support filter string/int/bool value",
                  "description_kind": "plain"
                }
              }
            },
            "description_kind": "plain"
          }
        },
        "baiducloud_dtss": {
          "version": 0,
          "block": {
            "attributes": {
              "dts_name": {
                "type": "string",
                "description": "Name of the Dts to be queried",
                "description_kind": "plain",
                "optional": true
              },
              "dtss": {
                "type": [
                  "list",
                  [
                    "object",
                    {
                      "base": [
                        "list",
                        [
                          "object",
                          {
                            "count": "string",
                            "current": "string",
                            "expect_finish_time": "string",
                            "speed": "string"
                          }
                        ]
                      ],
                      "create_time": "string",
                      "cross_region_tag": "number",
                      "data_type": [
                        "list",
                        "string"
                      ],
                      "dst_connection": [
                        "map",
                        "string"
                      ],
                      "dts_id": "string",
                      "errmsg": "string",
                      "granularity": "string",
                      "increment": [
                        "map",
                        "string"
                      ],
                      "pay_create_time": "number",
                      "pay_end_time": "string",
                      "product_type": "string",
                      "region": "string",
                      "running_time": "number",
                      "schema": [
                        "list",
                        [
                          "object",
                          {
                            "count": "string",
                            "current": "string",
                            "expect_finish_time": "string",
                            "speed": "string"
                          }
                        ]
                      ],
                      "schema_mapping": [
                        "list",
                        [
                          "object",
                          {
                            "dst": "string",
                            "src": "string",
                            "type": "string",
                            "where": "string"
                          }
                        ]
                      ],
                      "sdk_realtime_progress": "string",
                      "source_instance_type": "string",
                      "src_connection": [
                        "map",
                        "string"
                      ],
                      "standard": "string",
                      "status": "string",
                      "sub_end_time": "string",
                      "sub_start_time": "string",
                      "sub_status": [
                        "list",
                        [
                          "object",
                          {
                            "b": "string",
                            "i": "string",
                            "s": "string"
                          }
                        ]
                      ],
                      "target_instance_type": "string",
                      "task_name": "string"
                    }
                  ]
                ],
                "description": "Dts list",
                "description_kind": "plain",
                "computed": true
              },
              "id": {
                "type": "string",
                "description_kind": "plain",
                "optional": true,
                "computed": true
              },
              "output_file": {
                "type": "string",
                "description": "Dtss search result output file",
                "description_kind": "plain",
                "optional": true
              },
              "type": {
                "type": "string",
                "description": "type of the task. Available values are migration, sync, subscribe.",
                "description_kind": "plain",
                "required": true
              }
            },
            "block_types": {
              "filter": {
                "nesting_mode": "set",
                "block": {
                  "attributes": {
                    "name": {
                      "type": "string",
                      "description": "filter variable name",
                      "description_kind": "plain",
                      "required": true
                    },
                    "values": {
                      "type": [
                        "list",
                        "string"
                      ],
                      "description": "filter variable value list",
                      "description_kind": "plain",
                      "required": true
                    }
                  },
                  "description": "only support filter string/int/bool value",
                  "description_kind": "plain"
                }
              }
            },
            "description_kind": "plain"
          }
        },
        "baiducloud_eips": {
          "version": 0,
          "block": {
            "attributes": {
              "eip": {
                "type": "string",
                "description": "Eip address",
                "description_kind": "plain",
                "optional": true
              },
              "eips": {
                "type": [
                  "list",
                  [
                    "object",
                    {
                      "bandwidth_in_mbps": "number",
                      "billing_method": "string",
                      "create_time": "string",
                      "eip": "string",
                      "eip_instance_type": "string",
                      "expire_time": "string",
                      "name": "string",
                      "payment_timing": "string",
                      "share_group_id": "string",
                      "status": "string",
                      "tags": [
                        "map",
                        "string"
                      ]
                    }
                  ]
                ],
                "description": "Eip list",
                "description_kind": "plain",
                "computed": true
              },
              "id": {
                "type": "string",
                "description_kind": "plain",
                "optional": true,
                "computed": true
              },
              "instance_id": {
                "type": "string",
                "description": "Eip bind instance id",
                "description_kind": "plain",
                "optional": true
              },
              "instance_type": {
                "type": "string",
                "description": "Eip bind instance type",
                "description_kind": "plain",
                "optional": true
              },
              "output_file": {
                "type": "string",
                "description": "Eips search result output file",
                "description_kind": "plain",
                "optional": true
              },
              "status": {
                "type": "string",
                "description": "Eip status",
                "description_kind": "plain",
                "optional": true
              }
            },
            "block_types": {
              "filter": {
                "nesting_mode": "set",
                "block": {
                  "attributes": {
                    "name": {
                      "type": "string",
                      "description": "filter variable name",
                      "description_kind": "plain",
                      "required": true
                    },
                    "values": {
                      "type": [
                        "list",
                        "string"
                      ],
                      "description": "filter variable value list",
                      "description_kind": "plain",
                      "required": true
                    }
                  },
                  "description": "only support filter string/int/bool value",
                  "description_kind": "plain"
                }
              }
            },
            "description_kind": "plain"
          }
        },
        "baiducloud_enis": {
          "version": 0,
          "block": {
            "attributes": {
              "enis": {
                "type": [
                  "list",
                  [
                    "object",
                    {
                      "created_time": "string",
                      "description": "string",
                      "eni_id": "string",
                      "enterprise_security_group_ids": [
                        "list",
                        "string"
                      ],
                      "instance_id": "string",
                      "mac_address": "string",
                      "name": "string",
                      "private_ip_set": [
                        "list",
                        [
                          "object",
                          {
                            "primary": "bool",
                            "private_ip_address": "string",
                            "public_ip_address": "string"
                          }
                        ]
                      ],
                      "security_group_ids": [
                        "list",
                        "string"
                      ],
                      "status": "string",
                      "subnet_id": "string",
                      "zone_name": "string"
                    }
                  ]
                ],
                "description": "ENI list",
                "description_kind": "plain",
                "computed": true
              },
              "id": {
                "type": "string",
                "description_kind": "plain",
                "optional": true,
                "computed": true
              },
              "instance_id": {
                "type": "string",
                "description": "Instance id the ENI bind",
                "description_kind": "plain",
                "optional": true
              },
              "name": {
                "type": "string",
                "description": "Name of ENI",
                "description_kind": "plain",
                "optional": true
              },
              "output_file": {
                "type": "string",
                "description": "ENI list result output file",
                "description_kind": "plain",
                "optional": true
              },
              "private_ip_address": {
                "type": [
                  "list",
                  "string"
                ],
                "description": "Eni private IP address",
                "description_kind": "plain",
                "optional": true
              },
              "vpc_id": {
                "type": "string",
                "description": "Vpc id which ENI belong to",
                "description_kind": "plain",
                "required": true
              }
            },
            "block_types": {
              "filter": {
                "nesting_mode": "set",
                "block": {
                  "attributes": {
                    "name": {
                      "type": "string",
                      "description": "filter variable name",
                      "description_kind": "plain",
                      "required": true
                    },
                    "values": {
                      "type": [
                        "list",
                        "string"
                      ],
                      "description": "filter variable value list",
                      "description_kind": "plain",
                      "required": true
                    }
                  },
                  "description": "only support filter string/int/bool value",
                  "description_kind": "plain"
                }
              }
            },
            "description_kind": "plain"
          }
        },
        "baiducloud_images": {
          "version": 0,
          "block": {
            "attributes": {
              "id": {
                "type": "string",
                "description_kind": "plain",
                "optional": true,
                "computed": true
              },
              "image_type": {
                "type": "string",
                "description": "Image type of the images to be queried, support ALL/System/Custom/Integration/Sharing/GpuBccSystem/GpuBccCustom/FpgaBccSystem/FpgaBccCustom",
                "description_kind": "plain",
                "optional": true
              },
              "images": {
                "type": [
                  "list",
                  [
                    "object",
                    {
                      "create_time": "string",
                      "description": "string",
                      "id": "string",
                      "name": "string",
                      "os_arch": "string",
                      "os_build": "string",
                      "os_name": "string",
                      "os_type": "string",
                      "os_version": "string",
                      "special_version": "string",
                      "status": "string",
                      "type": "string"
                    }
                  ]
                ],
                "description": "Image list",
                "description_kind": "plain",
                "computed": true
              },
              "name_regex": {
                "type": "string",
                "description": "Regex pattern of the search image name",
                "description_kind": "plain",
                "optional": true
              },
              "os_name": {
                "type": "string",
                "description": "Search image OS Name",
                "description_kind": "plain",
                "optional": true
              },
              "output_file": {
                "type": "string",
                "description": "Images search result output file",
                "description_kind": "plain",
                "optional": true
              }
            },
            "block_types": {
              "filter": {
                "nesting_mode": "set",
                "block": {
                  "attributes": {
                    "name": {
                      "type": "string",
                      "description": "filter variable name",
                      "description_kind": "plain",
                      "required": true
                    },
                    "values": {
                      "type": [
                        "list",
                        "string"
                      ],
                      "description": "filter variable value list",
                      "description_kind": "plain",
                      "required": true
                    }
                  },
                  "description": "only support filter string/int/bool value",
                  "description_kind": "plain"
                }
              }
            },
            "description_kind": "plain"
          }
        },
        "baiducloud_instances": {
          "version": 0,
          "block": {
            "attributes": {
              "auto_renew": {
                "type": "bool",
                "description": "Whether to renew automatically.",
                "description_kind": "plain",
                "optional": true
              },
              "cds_ids": {
                "type": "string",
                "description": "Multiple cds disk IDs, separated by commas.",
                "description_kind": "plain",
                "optional": true
              },
              "dedicated_host_id": {
                "type": "string",
                "description": "Dedicated host id of the instance to retrieve.",
                "description_kind": "plain",
                "optional": true
              },
              "deploy_set_ids": {
                "type": "string",
                "description": "Multiple deployment set IDs, separated by commas.",
                "description_kind": "plain",
                "optional": true
              },
              "id": {
                "type": "string",
                "description_kind": "plain",
                "optional": true,
                "computed": true
              },
              "instance_ids": {
                "type": "string",
                "description": "Multiple instance IDs, separated by commas.",
                "description_kind": "plain",
                "optional": true
              },
              "instance_names": {
                "type": "string",
                "description": "Multiple instance names, separated by commas.",
                "description_kind": "plain",
                "optional": true
              },
              "instances": {
                "type": [
                  "list",
                  [
                    "object",
                    {
                      "auto_renew": "bool",
                      "card_count": "string",
                      "cpu_count": "number",
                      "create_time": "string",
                      "dedicated_host_id": "string",
                      "deploy_set_ids": [
                        "set",
                        "string"
                      ],
                      "description": "string",
                      "ephemeral_disks": [
                        "list",
                        [
                          "object",
                          {
                            "size_in_gb": "number",
                            "storage_type": "string"
                          }
                        ]
                      ],
                      "expire_time": "string",
                      "fpga_card": "string",
                      "gpu_card": "string",
                      "image_id": "string",
                      "instance_id": "string",
                      "instance_spec": "string",
                      "instance_type": "string",
                      "internal_ip": "string",
                      "keypair_id": "string",
                      "keypair_name": "string",
                      "memory_capacity_in_gb": "number",
                      "name": "string",
                      "network_capacity_in_mbps": "number",
                      "payment_timing": "string",
                      "placement_policy": "string",
                      "public_ip": "string",
                      "root_disk_size_in_gb": "number",
                      "root_disk_storage_type": "string",
                      "status": "string",
                      "subnet_id": "string",
                      "tags": [
                        "map",
                        "string"
                      ],
                      "vpc_id": "string",
                      "zone_name": "string"
                    }
                  ]
                ],
                "description": "The result of the instances list.",
                "description_kind": "plain",
                "computed": true
              },
              "internal_ip": {
                "type": "string",
                "description": "Internal ip address of the instance to retrieve.",
                "description_kind": "plain",
                "optional": true
              },
              "keypair_id": {
                "type": "string",
                "description": "Keypair ID of the instance.",
                "description_kind": "plain",
                "optional": true
              },
              "output_file": {
                "type": "string",
                "description": "Output file of the instances search result",
                "description_kind": "plain",
                "optional": true
              },
              "payment_timing": {
                "type": "string",
                "description": "Payment method. Valid values: `Prepaid`, `Postpaid`.",
                "description_kind": "plain",
                "optional": true
              },
              "private_ips": {
                "type": "string",
                "description": "Multiple intranet IPs, separated by commas. Must be used in combination with `vpc_id`.",
                "description_kind": "plain",
                "optional": true
              },
              "security_group_ids": {
                "type": "string",
                "description": "Multiple security group IDs, separated by commas.",
                "description_kind": "plain",
                "optional": true
              },
              "status": {
                "type": "string",
                "description": "Instance status. Valid values: `Recycled`, `Running`, `Stopped`, `Stopping`, `Starting`.",
                "description_kind": "plain",
                "optional": true
              },
              "tags": {
                "type": "string",
                "description": "Multiple tags, separated by commas. Format: `tagKey:tagValue` or `tagKey`.",
                "description_kind": "plain",
                "optional": true
              },
              "vpc_id": {
                "type": "string",
                "description": "Can only be used in combination with the `private_ips` query parameter.",
                "description_kind": "plain",
                "optional": true
              },
              "zone_name": {
                "type": "string",
                "description": "Name of the available zone to which the instance belongs.",
                "description_kind": "plain",
                "optional": true
              }
            },
            "block_types": {
              "filter": {
                "nesting_mode": "set",
                "block": {
                  "attributes": {
                    "name": {
                      "type": "string",
                      "description": "filter variable name",
                      "description_kind": "plain",
                      "required": true
                    },
                    "values": {
                      "type": [
                        "list",
                        "string"
                      ],
                      "description": "filter variable value list",
                      "description_kind": "plain",
                      "required": true
                    }
                  },
                  "description": "only support filter string/int/bool value",
                  "description_kind": "plain"
                }
              }
            },
            "description_kind": "plain"
          }
        },
        "baiducloud_localdns_privatezones": {
          "version": 0,
          "block": {
            "attributes": {
              "id": {
                "type": "string",
                "description_kind": "plain",
                "optional": true,
                "computed": true
              },
              "output_file": {
                "type": "string",
                "description": "local dns privatezone search result output file",
                "description_kind": "plain",
                "optional": true
              },
              "zones": {
                "type": [
                  "list",
                  [
                    "object",
                    {
                      "create_time": "string",
                      "record_count": "number",
                      "update_time": "string",
                      "zone_id": "string",
                      "zone_name": "string"
                    }
                  ]
                ],
                "description": "zone list",
                "description_kind": "plain",
                "computed": true
              }
            },
            "block_types": {
              "filter": {
                "nesting_mode": "set",
                "block": {
                  "attributes": {
                    "name": {
                      "type": "string",
                      "description": "filter variable name",
                      "description_kind": "plain",
                      "required": true
                    },
                    "values": {
                      "type": [
                        "list",
                        "string"
                      ],
                      "description": "filter variable value list",
                      "description_kind": "plain",
                      "required": true
                    }
                  },
                  "description": "only support filter string/int/bool value",
                  "description_kind": "plain"
                }
              }
            },
            "description_kind": "plain"
          }
        },
        "baiducloud_localdns_records": {
          "version": 0,
          "block": {
            "attributes": {
              "id": {
                "type": "string",
                "description_kind": "plain",
                "optional": true,
                "computed": true
              },
              "output_file": {
                "type": "string",
                "description": "Output file for saving result.",
                "description_kind": "plain",
                "optional": true
              },
              "records": {
                "type": [
                  "list",
                  [
                    "object",
                    {
                      "description": "string",
                      "priority": "number",
                      "record_id": "string",
                      "rr": "string",
                      "status": "string",
                      "ttl": "number",
                      "type": "string",
                      "value": "string"
                    }
                  ]
                ],
                "description": "Result of records.",
                "description_kind": "plain",
                "computed": true
              },
              "zone_id": {
                "type": "string",
                "description": "ID of the private zone.",
                "description_kind": "plain",
                "required": true
              }
            },
            "block_types": {
              "filter": {
                "nesting_mode": "set",
                "block": {
                  "attributes": {
                    "name": {
                      "type": "string",
                      "description": "filter variable name",
                      "description_kind": "plain",
                      "required": true
                    },
                    "values": {
                      "type": [
                        "list",
                        "string"
                      ],
                      "description": "filter variable value list",
                      "description_kind": "plain",
                      "required": true
                    }
                  },
                  "description": "only support filter string/int/bool value",
                  "description_kind": "plain"
                }
              }
            },
            "description_kind": "plain"
          }
        },
        "baiducloud_localdns_vpcs": {
          "version": 0,
          "block": {
            "attributes": {
              "bind_vpcs": {
                "type": [
                  "list",
                  [
                    "object",
                    {
                      "vpc_id": "string",
                      "vpc_name": "string",
                      "vpc_region": "string"
                    }
                  ]
                ],
                "description": "privatezone bind vpcs",
                "description_kind": "plain",
                "computed": true
              },
              "id": {
                "type": "string",
                "description_kind": "plain",
                "optional": true,
                "computed": true
              },
              "output_file": {
                "type": "string",
                "description": "local dns vpc search result output file",
                "description_kind": "plain",
                "optional": true
              },
              "zone_id": {
                "type": "string",
                "description": "zone_id of the DNS privatezone ",
                "description_kind": "plain",
                "required": true
              }
            },
            "block_types": {
              "filter": {
                "nesting_mode": "set",
                "block": {
                  "attributes": {
                    "name": {
                      "type": "string",
                      "description": "filter variable name",
                      "description_kind": "plain",
                      "required": true
                    },
                    "values": {
                      "type": [
                        "list",
                        "string"
                      ],
                      "description": "filter variable value list",
                      "description_kind": "plain",
                      "required": true
                    }
                  },
                  "description": "only support filter string/int/bool value",
                  "description_kind": "plain"
                }
              }
            },
            "description_kind": "plain"
          }
        },
        "baiducloud_nat_gateways": {
          "version": 0,
          "block": {
            "attributes": {
              "id": {
                "type": "string",
                "description_kind": "plain",
                "optional": true,
                "computed": true
              },
              "ip": {
                "type": "string",
                "description": "Specify the EIP binded by the NAT gateway to retrieve.",
                "description_kind": "plain",
                "optional": true
              },
              "name": {
                "type": "string",
                "description": "Name of the NAT gateway.",
                "description_kind": "plain",
                "optional": true
              },
              "nat_gateways": {
                "type": [
                  "list",
                  [
                    "object",
                    {
                      "eips": [
                        "list",
                        "string"
                      ],
                      "expired_time": "string",
                      "id": "string",
                      "name": "string",
                      "payment_timing": "string",
                      "spec": "string",
                      "status": "string",
                      "vpc_id": "string"
                    }
                  ]
                ],
                "description": "The list of NAT gateways.",
                "description_kind": "plain",
                "computed": true
              },
              "nat_id": {
                "type": "string",
                "description": "ID of the NAT gateway to retrieve.",
                "description_kind": "plain",
                "optional": true
              },
              "output_file": {
                "type": "string",
                "description": "Output file for saving result.",
                "description_kind": "plain",
                "optional": true
              },
              "vpc_id": {
                "type": "string",
                "description": "VPC ID where the NAT gateways located.",
                "description_kind": "plain",
                "optional": true
              }
            },
            "block_types": {
              "filter": {
                "nesting_mode": "set",
                "block": {
                  "attributes": {
                    "name": {
                      "type": "string",
                      "description": "filter variable name",
                      "description_kind": "plain",
                      "required": true
                    },
                    "values": {
                      "type": [
                        "list",
                        "string"
                      ],
                      "description": "filter variable value list",
                      "description_kind": "plain",
                      "required": true
                    }
                  },
                  "description": "only support filter string/int/bool value",
                  "description_kind": "plain"
                }
              }
            },
            "description_kind": "plain"
          }
        },
        "baiducloud_nat_snat_rules": {
          "version": 0,
          "block": {
            "attributes": {
              "id": {
                "type": "string",
                "description_kind": "plain",
                "optional": true,
                "computed": true
              },
              "nat_id": {
                "type": "string",
                "description": "ID of the NAT gateway to retrieve.",
                "description_kind": "plain",
                "required": true
              },
              "nat_snat_rules": {
                "type": [
                  "list",
                  [
                    "object",
                    {
                      "public_ips_address": [
                        "list",
                        "string"
                      ],
                      "rule_id": "string",
                      "rule_name": "string",
                      "source_cidr": "string",
                      "status": "string"
                    }
                  ]
                ],
                "description": "The list of NAT SNAT rules.",
                "description_kind": "plain",
                "computed": true
              },
              "output_file": {
                "type": "string",
                "description": "Output file for saving result.",
                "description_kind": "plain",
                "optional": true
              }
            },
            "block_types": {
              "filter": {
                "nesting_mode": "set",
                "block": {
                  "attributes": {
                    "name": {
                      "type": "string",
                      "description": "filter variable name",
                      "description_kind": "plain",
                      "required": true
                    },
                    "values": {
                      "type": [
                        "list",
                        "string"
                      ],
                      "description": "filter variable value list",
                      "description_kind": "plain",
                      "required": true
                    }
                  },
                  "description": "only support filter string/int/bool value",
                  "description_kind": "plain"
                }
              }
            },
            "description_kind": "plain"
          }
        },
        "baiducloud_peer_conns": {
          "version": 0,
          "block": {
            "attributes": {
              "id": {
                "type": "string",
                "description_kind": "plain",
                "optional": true,
                "computed": true
              },
              "output_file": {
                "type": "string",
                "description": "Output file for saving result.",
                "description_kind": "plain",
                "optional": true
              },
              "peer_conn_id": {
                "type": "string",
                "description": "ID of the peer connection to retrieve.",
                "description_kind": "plain",
                "optional": true
              },
              "peer_conns": {
                "type": [
                  "list",
                  [
                    "object",
                    {
                      "bandwidth_in_mbps": "number",
                      "created_time": "string",
                      "description": "string",
                      "dns_status": "string",
                      "expired_time": "string",
                      "local_if_id": "string",
                      "local_if_name": "string",
                      "local_region": "string",
                      "local_vpc_id": "string",
                      "payment_timing": "string",
                      "peer_account_id": "string",
                      "peer_conn_id": "string",
                      "peer_region": "string",
                      "peer_vpc_id": "string",
                      "role": "string",
                      "status": "string"
                    }
                  ]
                ],
                "description": "The list of the peer connections.",
                "description_kind": "plain",
                "computed": true
              },
              "vpc_id": {
                "type": "string",
                "description": "VPC ID where the peer connections located.",
                "description_kind": "plain",
                "optional": true
              }
            },
            "block_types": {
              "filter": {
                "nesting_mode": "set",
                "block": {
                  "attributes": {
                    "name": {
                      "type": "string",
                      "description": "filter variable name",
                      "description_kind": "plain",
                      "required": true
                    },
                    "values": {
                      "type": [
                        "list",
                        "string"
                      ],
                      "description": "filter variable value list",
                      "description_kind": "plain",
                      "required": true
                    }
                  },
                  "description": "only support filter string/int/bool value",
                  "description_kind": "plain"
                }
              }
            },
            "description_kind": "plain"
          }
        },
        "baiducloud_rdss": {
          "version": 0,
          "block": {
            "attributes": {
              "id": {
                "type": "string",
                "description_kind": "plain",
                "optional": true,
                "computed": true
              },
              "name_regex": {
                "type": "string",
                "description": "Regex pattern of the search name of rds instance",
                "description_kind": "plain",
                "optional": true
              },
              "output_file": {
                "type": "string",
                "description": "Output file of the instances search result",
                "description_kind": "plain",
                "optional": true
              },
              "rdss": {
                "type": [
                  "list",
                  [
                    "object",
                    {
                      "address": "string",
                      "category": "string",
                      "cpu_count": "number",
                      "create_time": "string",
                      "engine": "string",
                      "engine_version": "string",
                      "expire_time": "string",
                      "instance_id": "string",
                      "instance_name": "string",
                      "instance_status": "string",
                      "instance_type": "string",
                      "memory_capacity": "number",
                      "node_amount": "number",
                      "payment_timing": "string",
                      "port": "number",
                      "region": "string",
                      "source_instance_id": "string",
                      "source_region": "string",
                      "subnets": [
                        "list",
                        [
                          "object",
                          {
                            "subnet_id": "string",
                            "zone_name": "string"
                          }
                        ]
                      ],
                      "used_storage": "number",
                      "v_net_ip": "string",
                      "volume_capacity": "number",
                      "vpc_id": "string",
                      "zone_names": [
                        "list",
                        "string"
                      ]
                    }
                  ]
                ],
                "description": "The result of the instances list.",
                "description_kind": "plain",
                "computed": true
              }
            },
            "block_types": {
              "filter": {
                "nesting_mode": "set",
                "block": {
                  "attributes": {
                    "name": {
                      "type": "string",
                      "description": "filter variable name",
                      "description_kind": "plain",
                      "required": true
                    },
                    "values": {
                      "type": [
                        "list",
                        "string"
                      ],
                      "description": "filter variable value list",
                      "description_kind": "plain",
                      "required": true
                    }
                  },
                  "description": "only support filter string/int/bool value",
                  "description_kind": "plain"
                }
              }
            },
            "description_kind": "plain"
          }
        },
        "baiducloud_route_rules": {
          "version": 0,
          "block": {
            "attributes": {
              "id": {
                "type": "string",
                "description_kind": "plain",
                "optional": true,
                "computed": true
              },
              "output_file": {
                "type": "string",
                "description": "Output file for saving result.",
                "description_kind": "plain",
                "optional": true
              },
              "route_rule_id": {
                "type": "string",
                "description": "ID of the routing rule to be retrieved.",
                "description_kind": "plain",
                "optional": true
              },
              "route_rules": {
                "type": [
                  "list",
                  [
                    "object",
                    {
                      "description": "string",
                      "destination_address": "string",
                      "next_hop_id": "string",
                      "next_hop_type": "string",
                      "route_rule_id": "string",
                      "route_table_id": "string",
                      "source_address": "string"
                    }
                  ]
                ],
                "description": "Result of the routing rules.",
                "description_kind": "plain",
                "computed": true
              },
              "route_table_id": {
                "type": "string",
                "description": "Routing table ID for the routing rules to retrieve.",
                "description_kind": "plain",
                "optional": true
              },
              "vpc_id": {
                "type": "string",
                "description": "VPC ID for the routing rules.",
                "description_kind": "plain",
                "optional": true
              }
            },
            "block_types": {
              "filter": {
                "nesting_mode": "set",
                "block": {
                  "attributes": {
                    "name": {
                      "type": "string",
                      "description": "filter variable name",
                      "description_kind": "plain",
                      "required": true
                    },
                    "values": {
                      "type": [
                        "list",
                        "string"
                      ],
                      "description": "filter variable value list",
                      "description_kind": "plain",
                      "required": true
                    }
                  },
                  "description": "only support filter string/int/bool value",
                  "description_kind": "plain"
                }
              }
            },
            "description_kind": "plain"
          }
        },
        "baiducloud_scs_specs": {
          "version": 0,
          "block": {
            "attributes": {
              "cluster_type": {
                "type": "string",
                "description": "Type of the instance,  Available values are cluster, master_slave.",
                "description_kind": "plain",
                "required": true
              },
              "id": {
                "type": "string",
                "description_kind": "plain",
                "optional": true,
                "computed": true
              },
              "node_capacity": {
                "type": "number",
                "description": "Memory capacity(GB) of the instance node.",
                "description_kind": "plain",
                "required": true
              },
              "output_file": {
                "type": "string",
                "description": "Output file for saving result.",
                "description_kind": "plain",
                "optional": true
              },
              "specs": {
                "type": [
                  "list",
                  [
                    "object",
                    {
                      "node_capacity": "number",
                      "node_type": "string"
                    }
                  ]
                ],
                "description": "Useful spec list, when create a scs instance, suggest use node_type/cpu_num/instance_flavor/allowed_nodeNum_list as scs instance parameters",
                "description_kind": "plain",
                "computed": true
              }
            },
            "block_types": {
              "filter": {
                "nesting_mode": "set",
                "block": {
                  "attributes": {
                    "name": {
                      "type": "string",
                      "description": "filter variable name",
                      "description_kind": "plain",
                      "required": true
                    },
                    "values": {
                      "type": [
                        "list",
                        "string"
                      ],
                      "description": "filter variable value list",
                      "description_kind": "plain",
                      "required": true
                    }
                  },
                  "description": "only support filter string/int/bool value",
                  "description_kind": "plain"
                }
              }
            },
            "description_kind": "plain"
          }
        },
        "baiducloud_scss": {
          "version": 0,
          "block": {
            "attributes": {
              "id": {
                "type": "string",
                "description_kind": "plain",
                "optional": true,
                "computed": true
              },
              "name_regex": {
                "type": "string",
                "description": "Regex pattern of the search name of scs instance",
                "description_kind": "plain",
                "optional": true
              },
              "output_file": {
                "type": "string",
                "description": "Output file of the instances search result",
                "description_kind": "plain",
                "optional": true
              },
              "scss": {
                "type": [
                  "list",
                  [
                    "object",
                    {
                      "auto_renew": "bool",
                      "capacity": "number",
                      "cluster_type": "string",
                      "create_time": "string",
                      "domain": "string",
                      "engine": "string",
                      "engine_version": "string",
                      "expire_time": "string",
                      "instance_id": "string",
                      "instance_name": "string",
                      "instance_status": "string",
                      "node_type": "string",
                      "payment_timing": "string",
                      "port": "number",
                      "proxy_num": "number",
                      "replication_num": "number",
                      "security_ips": [
                        "set",
                        "string"
                      ],
                      "shard_num": "number",
                      "tags": [
                        "map",
                        "string"
                      ],
                      "used_capacity": "number",
                      "v_net_ip": "string",
                      "zone_names": [
                        "list",
                        "string"
                      ]
                    }
                  ]
                ],
                "description": "The result of the instances list.",
                "description_kind": "plain",
                "computed": true
              }
            },
            "block_types": {
              "filter": {
                "nesting_mode": "set",
                "block": {
                  "attributes": {
                    "name": {
                      "type": "string",
                      "description": "filter variable name",
                      "description_kind": "plain",
                      "required": true
                    },
                    "values": {
                      "type": [
                        "list",
                        "string"
                      ],
                      "description": "filter variable value list",
                      "description_kind": "plain",
                      "required": true
                    }
                  },
                  "description": "only support filter string/int/bool value",
                  "description_kind": "plain"
                }
              }
            },
            "description_kind": "plain"
          }
        },
        "baiducloud_security_group_rules": {
          "version": 0,
          "block": {
            "attributes": {
              "id": {
                "type": "string",
                "description_kind": "plain",
                "optional": true,
                "computed": true
              },
              "instance_id": {
                "type": "string",
                "description": "Security Group attached instance ID",
                "description_kind": "plain",
                "optional": true
              },
              "output_file": {
                "type": "string",
                "description": "Security Group search result output file",
                "description_kind": "plain",
                "optional": true
              },
              "rules": {
                "type": [
                  "list",
                  [
                    "object",
                    {
                      "dest_group_id": "string",
                      "dest_ip": "string",
                      "direction": "string",
                      "ether_type": "string",
                      "port_range": "string",
                      "protocol": "string",
                      "remark": "string",
                      "security_group_id": "string",
                      "source_group_id": "string",
                      "source_ip": "string"
                    }
                  ]
                ],
                "description": "Security Group rules",
                "description_kind": "plain",
                "computed": true
              },
              "security_group_id": {
                "type": "string",
                "description": "Security Group ID",
                "description_kind": "plain",
                "required": true
              },
              "vpc_id": {
                "type": "string",
                "description": "Security Group attached vpc id",
                "description_kind": "plain",
                "optional": true
              }
            },
            "block_types": {
              "filter": {
                "nesting_mode": "set",
                "block": {
                  "attributes": {
                    "name": {
                      "type": "string",
                      "description": "filter variable name",
                      "description_kind": "plain",
                      "required": true
                    },
                    "values": {
                      "type": [
                        "list",
                        "string"
                      ],
                      "description": "filter variable value list",
                      "description_kind": "plain",
                      "required": true
                    }
                  },
                  "description": "only support filter string/int/bool value",
                  "description_kind": "plain"
                }
              }
            },
            "description_kind": "plain"
          }
        },
        "baiducloud_security_groups": {
          "version": 0,
          "block": {
            "attributes": {
              "id": {
                "type": "string",
                "description_kind": "plain",
                "optional": true,
                "computed": true
              },
              "instance_id": {
                "type": "string",
                "description": "Security Group attached instance ID",
                "description_kind": "plain",
                "optional": true
              },
              "output_file": {
                "type": "string",
                "description": "Security Group search result output file",
                "description_kind": "plain",
                "optional": true
              },
              "security_groups": {
                "type": [
                  "list",
                  [
                    "object",
                    {
                      "description": "string",
                      "id": "string",
                      "name": "string",
                      "tags": [
                        "map",
                        "string"
                      ],
                      "vpc_id": "string"
                    }
                  ]
                ],
                "description": "Security Groups search result",
                "description_kind": "plain",
                "computed": true
              },
              "vpc_id": {
                "type": "string",
                "description": "Security Group attached vpc id",
                "description_kind": "plain",
                "optional": true
              }
            },
            "block_types": {
              "filter": {
                "nesting_mode": "set",
                "block": {
                  "attributes": {
                    "name": {
                      "type": "string",
                      "description": "filter variable name",
                      "description_kind": "plain",
                      "required": true
                    },
                    "values": {
                      "type": [
                        "list",
                        "string"
                      ],
                      "description": "filter variable value list",
                      "description_kind": "plain",
                      "required": true
                    }
                  },
                  "description": "only support filter string/int/bool value",
                  "description_kind": "plain"
                }
              }
            },
            "description_kind": "plain"
          }
        },
        "baiducloud_sms_signature": {
          "version": 0,
          "block": {
            "attributes": {
              "id": {
                "type": "string",
                "description_kind": "plain",
                "optional": true,
                "computed": true
              },
              "output_file": {
                "type": "string",
                "description": "Query result output file path",
                "description_kind": "plain",
                "optional": true
              },
              "signature_id": {
                "type": "string",
                "description": "signature id",
                "description_kind": "plain",
                "required": true
              },
              "signature_info": {
                "type": [
                  "map",
                  "string"
                ],
                "description": "signature content of sms",
                "description_kind": "plain",
                "computed": true
              }
            },
            "block_types": {
              "filter": {
                "nesting_mode": "set",
                "block": {
                  "attributes": {
                    "name": {
                      "type": "string",
                      "description": "filter variable name",
                      "description_kind": "plain",
                      "required": true
                    },
                    "values": {
                      "type": [
                        "list",
                        "string"
                      ],
                      "description": "filter variable value list",
                      "description_kind": "plain",
                      "required": true
                    }
                  },
                  "description": "only support filter string/int/bool value",
                  "description_kind": "plain"
                }
              }
            },
            "description_kind": "plain"
          }
        },
        "baiducloud_sms_template": {
          "version": 0,
          "block": {
            "attributes": {
              "id": {
                "type": "string",
                "description_kind": "plain",
                "optional": true,
                "computed": true
              },
              "output_file": {
                "type": "string",
                "description": "Query result output file path",
                "description_kind": "plain",
                "optional": true
              },
              "template_id": {
                "type": "string",
                "description": "template id",
                "description_kind": "plain",
                "required": true
              },
              "template_info": {
                "type": [
                  "map",
                  "string"
                ],
                "description": "template content of sms",
                "description_kind": "plain",
                "computed": true
              }
            },
            "block_types": {
              "filter": {
                "nesting_mode": "set",
                "block": {
                  "attributes": {
                    "name": {
                      "type": "string",
                      "description": "filter variable name",
                      "description_kind": "plain",
                      "required": true
                    },
                    "values": {
                      "type": [
                        "list",
                        "string"
                      ],
                      "description": "filter variable value list",
                      "description_kind": "plain",
                      "required": true
                    }
                  },
                  "description": "only support filter string/int/bool value",
                  "description_kind": "plain"
                }
              }
            },
            "description_kind": "plain"
          }
        },
        "baiducloud_snapshots": {
          "version": 0,
          "block": {
            "attributes": {
              "id": {
                "type": "string",
                "description_kind": "plain",
                "optional": true,
                "computed": true
              },
              "output_file": {
                "type": "string",
                "description": "Snapshots search result output file.",
                "description_kind": "plain",
                "optional": true
              },
              "snapshots": {
                "type": [
                  "list",
                  [
                    "object",
                    {
                      "create_method": "string",
                      "create_time": "string",
                      "description": "string",
                      "id": "string",
                      "name": "string",
                      "size_in_gb": "number",
                      "status": "string",
                      "volume_id": "string"
                    }
                  ]
                ],
                "description": "The result of the snapshots list.",
                "description_kind": "plain",
                "computed": true
              },
              "volume_id": {
                "type": "string",
                "description": "Volume ID to be attached of snapshots, if volume is system disk, volume ID is instance ID",
                "description_kind": "plain",
                "optional": true
              }
            },
            "block_types": {
              "filter": {
                "nesting_mode": "set",
                "block": {
                  "attributes": {
                    "name": {
                      "type": "string",
                      "description": "filter variable name",
                      "description_kind": "plain",
                      "required": true
                    },
                    "values": {
                      "type": [
                        "list",
                        "string"
                      ],
                      "description": "filter variable value list",
                      "description_kind": "plain",
                      "required": true
                    }
                  },
                  "description": "only support filter string/int/bool value",
                  "description_kind": "plain"
                }
              }
            },
            "description_kind": "plain"
          }
        },
        "baiducloud_snic_public_services": {
          "version": 0,
          "block": {
            "attributes": {
              "id": {
                "type": "string",
                "description_kind": "plain",
                "optional": true,
                "computed": true
              },
              "services": {
                "type": [
                  "list",
                  "string"
                ],
                "description": "Public service domain name list.",
                "description_kind": "plain",
                "computed": true
              }
            },
            "description": "Use this data source to query public services that SNIC(Service Network Interface Card) can attach. \n\n",
            "description_kind": "plain"
          }
        },
        "baiducloud_snics": {
          "version": 0,
          "block": {
            "attributes": {
              "id": {
                "type": "string",
                "description_kind": "plain",
                "optional": true,
                "computed": true
              },
              "ip_address": {
                "type": "string",
                "description": "Filter by IP address of snic.",
                "description_kind": "plain",
                "optional": true
              },
              "name": {
                "type": "string",
                "description": "Filter by name of the snic.",
                "description_kind": "plain",
                "optional": true
              },
              "service": {
                "type": "string",
                "description": "Filter by attached service of the snic.",
                "description_kind": "plain",
                "optional": true
              },
              "snics": {
                "type": [
                  "list",
                  [
                    "object",
                    {
                      "description": "string",
                      "ip_address": "string",
                      "name": "string",
                      "service": "string",
                      "snic_id": "string",
                      "status": "string",
                      "subnet_id": "string",
                      "vpc_id": "string"
                    }
                  ]
                ],
                "description": "The snic list.",
                "description_kind": "plain",
                "computed": true
              },
              "status": {
                "type": "string",
                "description": "Filter by status of the snic. Valid valus: `available`, `unavailable`.",
                "description_kind": "plain",
                "optional": true
              },
              "subnet_id": {
                "type": "string",
                "description": "Filter by ID of the subnet where the snic is located.",
                "description_kind": "plain",
                "optional": true
              },
              "vpc_id": {
                "type": "string",
                "description": "ID of the vpc to which the snic belongs.",
                "description_kind": "plain",
                "required": true
              }
            },
            "description": "Use this data source to query SNIC (Service Network Interface Card) list. \n\n",
            "description_kind": "plain"
          }
        },
        "baiducloud_specs": {
          "version": 0,
          "block": {
            "attributes": {
              "id": {
                "type": "string",
                "description_kind": "plain",
                "optional": true,
                "computed": true
              },
              "output_file": {
                "type": "string",
                "description": "BCC Flavor search result output file",
                "description_kind": "plain",
                "optional": true
              },
              "specs": {
                "type": [
                  "list",
                  [
                    "object",
                    {
                      "cpu_count": "number",
                      "cpu_ghz": "string",
                      "cpu_model": "string",
                      "ephemeral_disk_count": "number",
                      "ephemeral_disk_in_gb": "number",
                      "ephemeral_disk_type": "string",
                      "fpga_card_count": "number",
                      "fpga_card_type": "string",
                      "gpu_card_count": "number",
                      "gpu_card_type": "string",
                      "group_id": "string",
                      "memory_capacity_in_gb": "number",
                      "network_bandwidth": "string",
                      "network_package": "string",
                      "product_type": "string",
                      "spec": "string",
                      "spec_id": "string",
                      "zone_name": "string"
                    }
                  ]
                ],
                "description": "Specs list",
                "description_kind": "plain",
                "computed": true
              },
              "zone_name": {
                "type": "string",
                "description": "Zone name",
                "description_kind": "plain",
                "optional": true
              }
            },
            "block_types": {
              "filter": {
                "nesting_mode": "set",
                "block": {
                  "attributes": {
                    "name": {
                      "type": "string",
                      "description": "filter variable name",
                      "description_kind": "plain",
                      "required": true
                    },
                    "values": {
                      "type": [
                        "list",
                        "string"
                      ],
                      "description": "filter variable value list",
                      "description_kind": "plain",
                      "required": true
                    }
                  },
                  "description": "only support filter string/int/bool value",
                  "description_kind": "plain"
                }
              }
            },
            "description_kind": "plain"
          }
        },
        "baiducloud_subnets": {
          "version": 0,
          "block": {
            "attributes": {
              "id": {
                "type": "string",
                "description_kind": "plain",
                "optional": true,
                "computed": true
              },
              "output_file": {
                "type": "string",
                "description": "Output file for saving result.",
                "description_kind": "plain",
                "optional": true
              },
              "subnet_id": {
                "type": "string",
                "description": "ID of the subnet.",
                "description_kind": "plain",
                "optional": true
              },
              "subnet_type": {
                "type": "string",
                "description": "Specify the subnet type for subnets.",
                "description_kind": "plain",
                "optional": true
              },
              "subnets": {
                "type": [
                  "list",
                  [
                    "object",
                    {
                      "available_ip": "number",
                      "cidr": "string",
                      "description": "string",
                      "name": "string",
                      "subnet_id": "string",
                      "subnet_type": "string",
                      "tags": [
                        "map",
                        "string"
                      ],
                      "vpc_id": "string",
                      "zone_name": "string"
                    }
                  ]
                ],
                "description": "Result of the subnets.",
                "description_kind": "plain",
                "computed": true
              },
              "vpc_id": {
                "type": "string",
                "description": "VPC ID for subnets to retrieve.",
                "description_kind": "plain",
                "optional": true
              },
              "zone_name": {
                "type": "string",
                "description": "Specify the zone name for subnets.",
                "description_kind": "plain",
                "optional": true
              }
            },
            "block_types": {
              "filter": {
                "nesting_mode": "set",
                "block": {
                  "attributes": {
                    "name": {
                      "type": "string",
                      "description": "filter variable name",
                      "description_kind": "plain",
                      "required": true
                    },
                    "values": {
                      "type": [
                        "list",
                        "string"
                      ],
                      "description": "filter variable value list",
                      "description_kind": "plain",
                      "required": true
                    }
                  },
                  "description": "only support filter string/int/bool value",
                  "description_kind": "plain"
                }
              }
            },
            "description_kind": "plain"
          }
        },
        "baiducloud_vpcs": {
          "version": 0,
          "block": {
            "attributes": {
              "id": {
                "type": "string",
                "description_kind": "plain",
                "optional": true,
                "computed": true
              },
              "name": {
                "type": "string",
                "description": "Name of the specific VPC to retrieve.",
                "description_kind": "plain",
                "optional": true
              },
              "output_file": {
                "type": "string",
                "description": "Output file for saving result.",
                "description_kind": "plain",
                "optional": true
              },
              "vpc_id": {
                "type": "string",
                "description": "ID of the specific VPC to retrieve.",
                "description_kind": "plain",
                "optional": true
              },
              "vpcs": {
                "type": [
                  "list",
                  [
                    "object",
                    {
                      "cidr": "string",
                      "description": "string",
                      "is_default": "bool",
                      "name": "string",
                      "route_table_id": "string",
                      "secondary_cidrs": [
                        "list",
                        "string"
                      ],
                      "tags": [
                        "map",
                        "string"
                      ],
                      "vpc_id": "string"
                    }
                  ]
                ],
                "description": "Result of VPCs.",
                "description_kind": "plain",
                "computed": true
              }
            },
            "block_types": {
              "filter": {
                "nesting_mode": "set",
                "block": {
                  "attributes": {
                    "name": {
                      "type": "string",
                      "description": "filter variable name",
                      "description_kind": "plain",
                      "required": true
                    },
                    "values": {
                      "type": [
                        "list",
                        "string"
                      ],
                      "description": "filter variable value list",
                      "description_kind": "plain",
                      "required": true
                    }
                  },
                  "description": "only support filter string/int/bool value",
                  "description_kind": "plain"
                }
              }
            },
            "description_kind": "plain"
          }
        },
        "baiducloud_vpn_conns": {
          "version": 0,
          "block": {
            "attributes": {
              "id": {
                "type": "string",
                "description_kind": "plain",
                "optional": true,
                "computed": true
              },
              "output_file": {
                "type": "string",
                "description": "Output file for saving result.",
                "description_kind": "plain",
                "optional": true
              },
              "vpn_conns": {
                "type": [
                  "list",
                  [
                    "object",
                    {
                      "created_time": "string",
                      "description": "string",
                      "health_status": "string",
                      "ike_config": [
                        "map",
                        "string"
                      ],
                      "ipsec_config": [
                        "map",
                        "string"
                      ],
                      "local_ip": "string",
                      "local_subnets": [
                        "list",
                        "string"
                      ],
                      "remote_ip": "string",
                      "remote_subnets": [
                        "list",
                        "string"
                      ],
                      "secret_key": "string",
                      "status": "string",
                      "vpn_conn_id": "string",
                      "vpn_conn_name": "string",
                      "vpn_id": "string"
                    }
                  ]
                ],
                "description": "Result of VPN conns.",
                "description_kind": "plain",
                "computed": true
              },
              "vpn_id": {
                "type": "string",
                "description": "VPN id which vpn conn belong to.",
                "description_kind": "plain",
                "required": true
              }
            },
            "block_types": {
              "filter": {
                "nesting_mode": "set",
                "block": {
                  "attributes": {
                    "name": {
                      "type": "string",
                      "description": "filter variable name",
                      "description_kind": "plain",
                      "required": true
                    },
                    "values": {
                      "type": [
                        "list",
                        "string"
                      ],
                      "description": "filter variable value list",
                      "description_kind": "plain",
                      "required": true
                    }
                  },
                  "description": "only support filter string/int/bool value",
                  "description_kind": "plain"
                }
              }
            },
            "description_kind": "plain"
          }
        },
        "baiducloud_vpn_gateways": {
          "version": 0,
          "block": {
            "attributes": {
              "id": {
                "type": "string",
                "description_kind": "plain",
                "optional": true,
                "computed": true
              },
              "output_file": {
                "type": "string",
                "description": "Output file for saving result.",
                "description_kind": "plain",
                "optional": true
              },
              "vpc_id": {
                "type": "string",
                "description": "ID of the VPC which vpn gateway belong to.",
                "description_kind": "plain",
                "required": true
              },
              "vpn_gateways": {
                "type": [
                  "list",
                  [
                    "object",
                    {
                      "band_width_in_mbps": "number",
                      "create_time": "string",
                      "description": "string",
                      "eip": "string",
                      "expired_time": "string",
                      "max_connection": "string",
                      "payment_timing": "string",
                      "status": "string",
                      "vpc_id": "string",
                      "vpn_conn_num": "number",
                      "vpn_conns": [
                        "list",
                        "string"
                      ],
                      "vpn_id": "string",
                      "vpn_name": "string"
                    }
                  ]
                ],
                "description": "Result of VPCs.",
                "description_kind": "plain",
                "computed": true
              }
            },
            "block_types": {
              "filter": {
                "nesting_mode": "set",
                "block": {
                  "attributes": {
                    "name": {
                      "type": "string",
                      "description": "filter variable name",
                      "description_kind": "plain",
                      "required": true
                    },
                    "values": {
                      "type": [
                        "list",
                        "string"
                      ],
                      "description": "filter variable value list",
                      "description_kind": "plain",
                      "required": true
                    }
                  },
                  "description": "only support filter string/int/bool value",
                  "description_kind": "plain"
                }
              }
            },
            "description_kind": "plain"
          }
        },
        "baiducloud_zones": {
          "version": 0,
          "block": {
            "attributes": {
              "id": {
                "type": "string",
                "description_kind": "plain",
                "optional": true,
                "computed": true
              },
              "name_regex": {
                "type": "string",
                "description": "Regex pattern of the search zone name",
                "description_kind": "plain",
                "optional": true
              },
              "output_file": {
                "type": "string",
                "description": "Output file for saving result.",
                "description_kind": "plain",
                "optional": true
              },
              "zones": {
                "type": [
                  "list",
                  [
                    "object",
                    {
                      "zone_name": "string"
                    }
                  ]
                ],
                "description": "Useful zone list",
                "description_kind": "plain",
                "computed": true
              }
            },
            "block_types": {
              "filter": {
                "nesting_mode": "set",
                "block": {
                  "attributes": {
                    "name": {
                      "type": "string",
                      "description": "filter variable name",
                      "description_kind": "plain",
                      "required": true
                    },
                    "values": {
                      "type": [
                        "list",
                        "string"
                      ],
                      "description": "filter variable value list",
                      "description_kind": "plain",
                      "required": true
                    }
                  },
                  "description": "only support filter string/int/bool value",
                  "description_kind": "plain"
                }
              }
            },
            "description_kind": "plain"
          }
        }
      }
    }
  }
}
