{
  "format_version": "1.0",
  "provider_schemas": {
    "registry.terraform.io/f5networks/bigip": {
      "provider": {
        "version": 0,
        "block": {
          "attributes": {
            "address": {
              "type": "string",
              "description": "Domain name/IP of the BigIP",
              "description_kind": "plain",
              "optional": true
            },
            "login_ref": {
              "type": "string",
              "description": "Login reference for token authentication (see BIG-IP REST docs for details)",
              "description_kind": "plain",
              "optional": true
            },
            "password": {
              "type": "string",
              "description": "The user's password. Leave empty if using token_value",
              "description_kind": "plain",
              "optional": true
            },
            "port": {
              "type": "string",
              "description": "Management Port to connect to Bigip",
              "description_kind": "plain",
              "optional": true
            },
            "teem_disable": {
              "type": "bool",
              "description": "If this flag set to true,sending telemetry data to TEEM will be disabled",
              "description_kind": "plain",
              "optional": true
            },
            "token_auth": {
              "type": "bool",
              "description": "Enable to use an external authentication source (LDAP, TACACS, etc)",
              "description_kind": "plain",
              "optional": true
            },
            "token_value": {
              "type": "string",
              "description": "A token generated outside the provider, in place of password",
              "description_kind": "plain",
              "optional": true
            },
            "trusted_cert_path": {
              "type": "string",
              "description": "Valid Trusted Certificate path",
              "description_kind": "plain",
              "optional": true
            },
            "username": {
              "type": "string",
              "description": "Username with API access to the BigIP",
              "description_kind": "plain",
              "optional": true
            },
            "validate_certs_disable": {
              "type": "bool",
              "description": "If set to true, Disables TLS certificate check on BIG-IP. Default : True",
              "description_kind": "plain",
              "optional": true
            }
          },
          "description_kind": "plain"
        }
      },
      "resource_schemas": {
        "bigip_as3": {
          "version": 0,
          "block": {
            "attributes": {
              "application_list": {
                "type": "string",
                "description": "Name of Application",
                "description_kind": "plain",
                "optional": true,
                "computed": true
              },
              "as3_json": {
                "type": "string",
                "description": "AS3 json",
                "description_kind": "plain",
                "optional": true
              },
              "id": {
                "type": "string",
                "description_kind": "plain",
                "optional": true,
                "computed": true
              },
              "ignore_metadata": {
                "type": "bool",
                "description": "Set True if you want to ignore metadata update",
                "description_kind": "plain",
                "optional": true
              },
              "task_id": {
                "type": "string",
                "description": "ID of AS3 post declaration async task",
                "description_kind": "plain",
                "optional": true,
                "computed": true
              },
              "tenant_filter": {
                "type": "string",
                "description": "Name of Tenant",
                "description_kind": "plain",
                "optional": true
              },
              "tenant_list": {
                "type": "string",
                "description": "Name of Tenant",
                "description_kind": "plain",
                "optional": true,
                "computed": true
              },
              "tenant_name": {
                "type": "string",
                "description": "Name of Tenant",
                "description_kind": "plain",
                "deprecated": true,
                "optional": true
              }
            },
            "description_kind": "plain"
          }
        },
        "bigip_bigiq_as3": {
          "version": 0,
          "block": {
            "attributes": {
              "as3_json": {
                "type": "string",
                "description": "AS3 json",
                "description_kind": "plain",
                "required": true
              },
              "bigiq_address": {
                "type": "string",
                "description": "The registration key pool to use",
                "description_kind": "plain",
                "required": true
              },
              "bigiq_login_ref": {
                "type": "string",
                "description": "Login reference for token authentication (see BIG-IQ REST docs for details)",
                "description_kind": "plain",
                "optional": true,
                "sensitive": true
              },
              "bigiq_password": {
                "type": "string",
                "description": "The registration key pool to use",
                "description_kind": "plain",
                "required": true,
                "sensitive": true
              },
              "bigiq_port": {
                "type": "string",
                "description": "The registration key pool to use",
                "description_kind": "plain",
                "optional": true,
                "sensitive": true
              },
              "bigiq_token_auth": {
                "type": "bool",
                "description": "Enable to use an external authentication source (LDAP, TACACS, etc)",
                "description_kind": "plain",
                "optional": true,
                "sensitive": true
              },
              "bigiq_user": {
                "type": "string",
                "description": "The registration key pool to use",
                "description_kind": "plain",
                "required": true,
                "sensitive": true
              },
              "id": {
                "type": "string",
                "description_kind": "plain",
                "optional": true,
                "computed": true
              },
              "ignore_metadata": {
                "type": "bool",
                "description": "Set True if you want to ignore metadata update",
                "description_kind": "plain",
                "optional": true
              },
              "tenant_list": {
                "type": "string",
                "description": "Name of Tenant",
                "description_kind": "plain",
                "optional": true,
                "computed": true
              }
            },
            "description_kind": "plain"
          }
        },
        "bigip_cm_device": {
          "version": 0,
          "block": {
            "attributes": {
              "configsync_ip": {
                "type": "string",
                "description": "IP address used for config sync",
                "description_kind": "plain",
                "required": true
              },
              "id": {
                "type": "string",
                "description_kind": "plain",
                "optional": true,
                "computed": true
              },
              "mirror_ip": {
                "type": "string",
                "description": "IP address used for state mirroring",
                "description_kind": "plain",
                "optional": true
              },
              "mirror_secondary_ip": {
                "type": "string",
                "description": "Secondary IP address used for state mirroring",
                "description_kind": "plain",
                "optional": true
              },
              "name": {
                "type": "string",
                "description": "Address of the Device which needs to be Deviceensed",
                "description_kind": "plain",
                "required": true
              }
            },
            "description_kind": "plain"
          }
        },
        "bigip_cm_devicegroup": {
          "version": 0,
          "block": {
            "attributes": {
              "auto_sync": {
                "type": "string",
                "description": "Specifies if the device-group will automatically sync configuration data to its members",
                "description_kind": "plain",
                "optional": true
              },
              "description": {
                "type": "string",
                "description": "Description of Device group",
                "description_kind": "plain",
                "optional": true
              },
              "full_load_on_sync": {
                "type": "string",
                "description": "Specifies if the device-group will perform a full-load upon sync",
                "description_kind": "plain",
                "optional": true
              },
              "id": {
                "type": "string",
                "description_kind": "plain",
                "optional": true,
                "computed": true
              },
              "incremental_config": {
                "type": "number",
                "description": "Specifies the maximum size (in KB) to devote to incremental config sync cached transactions. The default is 1024 KB.",
                "description_kind": "plain",
                "optional": true
              },
              "name": {
                "type": "string",
                "description": "Name of the Device group",
                "description_kind": "plain",
                "optional": true
              },
              "network_failover": {
                "type": "string",
                "description": "Specifies if the device-group will use a network connection for failover",
                "description_kind": "plain",
                "optional": true
              },
              "partition": {
                "type": "string",
                "description": "Device administrative partition",
                "description_kind": "plain",
                "optional": true
              },
              "save_on_auto_sync": {
                "type": "string",
                "description": "Specifies whether the configuration should be saved upon auto-sync.",
                "description_kind": "plain",
                "optional": true
              },
              "type": {
                "type": "string",
                "description": "Specifies if the device-group will be used for failover or resource syncing",
                "description_kind": "plain",
                "optional": true
              }
            },
            "block_types": {
              "device": {
                "nesting_mode": "list",
                "block": {
                  "attributes": {
                    "name": {
                      "type": "string",
                      "description": "Name of origin",
                      "description_kind": "plain",
                      "optional": true
                    },
                    "set_sync_leader": {
                      "type": "bool",
                      "description": "Name of origin",
                      "description_kind": "plain",
                      "optional": true
                    }
                  },
                  "description_kind": "plain"
                }
              }
            },
            "description_kind": "plain"
          }
        },
        "bigip_command": {
          "version": 0,
          "block": {
            "attributes": {
              "command_result": {
                "type": [
                  "list",
                  "string"
                ],
                "description": "Partition of ssl certificate",
                "description_kind": "plain",
                "optional": true,
                "computed": true
              },
              "commands": {
                "type": [
                  "list",
                  "string"
                ],
                "description": "The commands to send to the remote BIG-IP device over the configured provider",
                "description_kind": "plain",
                "required": true
              },
              "id": {
                "type": "string",
                "description_kind": "plain",
                "optional": true,
                "computed": true
              },
              "when": {
                "type": "string",
                "description_kind": "plain",
                "optional": true
              }
            },
            "description_kind": "plain"
          }
        },
        "bigip_common_license_manage_bigiq": {
          "version": 0,
          "block": {
            "attributes": {
              "assignment_type": {
                "type": "string",
                "description": "Whether the specified device is a managed/un-managed/un-reachable device ",
                "description_kind": "plain",
                "required": true
              },
              "bigiq_address": {
                "type": "string",
                "description": "The registration key pool to use",
                "description_kind": "plain",
                "required": true
              },
              "bigiq_login_ref": {
                "type": "string",
                "description": "Login reference for token authentication (see BIG-IQ REST docs for details)",
                "description_kind": "plain",
                "optional": true,
                "sensitive": true
              },
              "bigiq_password": {
                "type": "string",
                "description": "The registration key pool to use",
                "description_kind": "plain",
                "required": true,
                "sensitive": true
              },
              "bigiq_port": {
                "type": "string",
                "description": "The registration key pool to use",
                "description_kind": "plain",
                "optional": true,
                "sensitive": true
              },
              "bigiq_token_auth": {
                "type": "bool",
                "description": "Enable to use an external authentication source (LDAP, TACACS, etc)",
                "description_kind": "plain",
                "optional": true,
                "sensitive": true
              },
              "bigiq_user": {
                "type": "string",
                "description": "The registration key pool to use",
                "description_kind": "plain",
                "required": true,
                "sensitive": true
              },
              "device_license_status": {
                "type": "string",
                "description": "Status of Licence Assignment",
                "description_kind": "plain",
                "optional": true,
                "computed": true
              },
              "hypervisor": {
                "type": "string",
                "description": "Aws/Azure",
                "description_kind": "plain",
                "optional": true
              },
              "id": {
                "type": "string",
                "description_kind": "plain",
                "optional": true,
                "computed": true
              },
              "key": {
                "type": "string",
                "description": "The registration key that you want to assign from the pool",
                "description_kind": "plain",
                "optional": true
              },
              "license_poolname": {
                "type": "string",
                "description": "The registration key pool to use",
                "description_kind": "plain",
                "required": true
              },
              "mac_address": {
                "type": "string",
                "description": "Sets the rate at which this license usage is billed",
                "description_kind": "plain",
                "optional": true
              },
              "skukeyword1": {
                "type": "string",
                "description": "Sets the rate at which this license usage is billed",
                "description_kind": "plain",
                "optional": true
              },
              "skukeyword2": {
                "type": "string",
                "description": "Sets the rate at which this license usage is billed",
                "description_kind": "plain",
                "optional": true
              },
              "tenant": {
                "type": "string",
                "description": "optional description for the assignment in this field",
                "description_kind": "plain",
                "optional": true
              },
              "unit_of_measure": {
                "type": "string",
                "description": "Sets the rate at which this license usage is billed",
                "description_kind": "plain",
                "optional": true
              }
            },
            "description_kind": "plain"
          }
        },
        "bigip_do": {
          "version": 0,
          "block": {
            "attributes": {
              "bigip_address": {
                "type": "string",
                "description": "IP Address of BIGIP host to be used for this resource",
                "description_kind": "plain",
                "optional": true
              },
              "bigip_password": {
                "type": "string",
                "description": "Password of  BIGIP host to be used for this resource",
                "description_kind": "plain",
                "optional": true,
                "sensitive": true
              },
              "bigip_port": {
                "type": "string",
                "description": "Port number of BIGIP host to be used for this resource",
                "description_kind": "plain",
                "optional": true
              },
              "bigip_token_auth": {
                "type": "bool",
                "description": "Enable to use an external authentication source (LDAP, TACACS, etc)",
                "description_kind": "plain",
                "optional": true,
                "sensitive": true
              },
              "bigip_user": {
                "type": "string",
                "description": "UserName of BIGIP host to be used for this resource",
                "description_kind": "plain",
                "optional": true
              },
              "do_json": {
                "type": "string",
                "description": "DO json",
                "description_kind": "plain",
                "required": true
              },
              "id": {
                "type": "string",
                "description_kind": "plain",
                "optional": true,
                "computed": true
              },
              "tenant_name": {
                "type": "string",
                "description": "unique identifier for DO resource",
                "description_kind": "plain",
                "deprecated": true,
                "optional": true
              },
              "timeout": {
                "type": "number",
                "description": "DO json",
                "description_kind": "plain",
                "optional": true
              }
            },
            "description_kind": "plain"
          }
        },
        "bigip_event_service_discovery": {
          "version": 0,
          "block": {
            "attributes": {
              "id": {
                "type": "string",
                "description_kind": "plain",
                "optional": true,
                "computed": true
              },
              "taskid": {
                "type": "string",
                "description": "Name of the partition/tenant",
                "description_kind": "plain",
                "required": true
              }
            },
            "block_types": {
              "node": {
                "nesting_mode": "set",
                "block": {
                  "attributes": {
                    "id": {
                      "type": "string",
                      "description": "name of node",
                      "description_kind": "plain",
                      "optional": true
                    },
                    "ip": {
                      "type": "string",
                      "description": "ip of nonde",
                      "description_kind": "plain",
                      "optional": true
                    },
                    "port": {
                      "type": "number",
                      "description": "port",
                      "description_kind": "plain",
                      "optional": true
                    }
                  },
                  "description_kind": "plain"
                }
              }
            },
            "description_kind": "plain"
          }
        },
        "bigip_fast_application": {
          "version": 0,
          "block": {
            "attributes": {
              "application": {
                "type": "string",
                "description": "Name of FAST application.",
                "description_kind": "plain",
                "computed": true
              },
              "fast_json": {
                "type": "string",
                "description": "FAST application declaration.",
                "description_kind": "plain",
                "required": true
              },
              "id": {
                "type": "string",
                "description_kind": "plain",
                "optional": true,
                "computed": true
              },
              "template": {
                "type": "string",
                "description": "Name of FAST application template.",
                "description_kind": "plain",
                "optional": true
              },
              "tenant": {
                "type": "string",
                "description": "Name of FAST application tenant.",
                "description_kind": "plain",
                "computed": true
              }
            },
            "description_kind": "plain"
          }
        },
        "bigip_fast_http_app": {
          "version": 0,
          "block": {
            "attributes": {
              "application": {
                "type": "string",
                "description": "Name of FAST HTTP application.",
                "description_kind": "plain",
                "required": true
              },
              "endpoint_ltm_policy": {
                "type": [
                  "list",
                  "string"
                ],
                "description_kind": "plain",
                "optional": true
              },
              "existing_monitor": {
                "type": "string",
                "description": "Select an existing BIG-IP HTTPS pool monitor. Monitors are used to determine the health of the application on each server",
                "description_kind": "plain",
                "optional": true
              },
              "existing_pool": {
                "type": "string",
                "description": "Select an existing BIG-IP Pool",
                "description_kind": "plain",
                "optional": true
              },
              "existing_snat_pool": {
                "type": "string",
                "description": "name of an existing BIG-IP SNAT pool",
                "description_kind": "plain",
                "optional": true
              },
              "existing_waf_security_policy": {
                "type": "string",
                "description_kind": "plain",
                "optional": true
              },
              "fast_http_json": {
                "type": "string",
                "description": "Json payload for FAST HTTP application.",
                "description_kind": "plain",
                "computed": true
              },
              "id": {
                "type": "string",
                "description_kind": "plain",
                "optional": true,
                "computed": true
              },
              "load_balancing_mode": {
                "type": "string",
                "description": "none",
                "description_kind": "plain",
                "optional": true
              },
              "security_log_profiles": {
                "type": [
                  "list",
                  "string"
                ],
                "description": "Existing security log profiles to enable.",
                "description_kind": "plain",
                "optional": true
              },
              "service_discovery": {
                "type": [
                  "list",
                  "string"
                ],
                "description_kind": "plain",
                "optional": true,
                "computed": true
              },
              "slow_ramp_time": {
                "type": "number",
                "description": "none",
                "description_kind": "plain",
                "optional": true
              },
              "snat_pool_address": {
                "type": [
                  "list",
                  "string"
                ],
                "description_kind": "plain",
                "optional": true
              },
              "tenant": {
                "type": "string",
                "description": "Name of FAST HTTP application tenant.",
                "description_kind": "plain",
                "required": true
              }
            },
            "block_types": {
              "monitor": {
                "nesting_mode": "list",
                "block": {
                  "attributes": {
                    "interval": {
                      "type": "number",
                      "description": "Set the time between health checks, in seconds.",
                      "description_kind": "plain",
                      "optional": true
                    },
                    "monitor_auth": {
                      "type": "bool",
                      "description_kind": "plain",
                      "optional": true
                    },
                    "password": {
                      "type": "string",
                      "description_kind": "plain",
                      "optional": true,
                      "sensitive": true
                    },
                    "response": {
                      "type": "string",
                      "description_kind": "plain",
                      "optional": true
                    },
                    "send_string": {
                      "type": "string",
                      "description": "Optional data to be sent during each health check.",
                      "description_kind": "plain",
                      "optional": true
                    },
                    "username": {
                      "type": "string",
                      "description_kind": "plain",
                      "optional": true
                    }
                  },
                  "description": "Use a FAST generated pool monitor.",
                  "description_kind": "plain"
                },
                "max_items": 1
              },
              "pool_members": {
                "nesting_mode": "set",
                "block": {
                  "attributes": {
                    "addresses": {
                      "type": [
                        "list",
                        "string"
                      ],
                      "description_kind": "plain",
                      "required": true
                    },
                    "connection_limit": {
                      "type": "number",
                      "description_kind": "plain",
                      "optional": true,
                      "computed": true
                    },
                    "port": {
                      "type": "number",
                      "description_kind": "plain",
                      "optional": true
                    },
                    "priority_group": {
                      "type": "number",
                      "description_kind": "plain",
                      "optional": true,
                      "computed": true
                    },
                    "share_nodes": {
                      "type": "bool",
                      "description_kind": "plain",
                      "optional": true,
                      "computed": true
                    }
                  },
                  "description_kind": "plain"
                }
              },
              "virtual_server": {
                "nesting_mode": "list",
                "block": {
                  "attributes": {
                    "ip": {
                      "type": "string",
                      "description": "foo",
                      "description_kind": "plain",
                      "required": true
                    },
                    "port": {
                      "type": "number",
                      "description": "foo",
                      "description_kind": "plain",
                      "required": true
                    }
                  },
                  "description_kind": "plain"
                },
                "max_items": 1
              },
              "waf_security_policy": {
                "nesting_mode": "list",
                "block": {
                  "attributes": {
                    "enable": {
                      "type": "bool",
                      "description": "Enables Fast to WAF security policy",
                      "description_kind": "plain",
                      "required": true
                    }
                  },
                  "description_kind": "plain"
                },
                "max_items": 1
              }
            },
            "description_kind": "plain"
          }
        },
        "bigip_fast_https_app": {
          "version": 0,
          "block": {
            "attributes": {
              "application": {
                "type": "string",
                "description": "Name of FAST HTTPS application.",
                "description_kind": "plain",
                "required": true
              },
              "endpoint_ltm_policy": {
                "type": [
                  "list",
                  "string"
                ],
                "description_kind": "plain",
                "optional": true
              },
              "existing_monitor": {
                "type": "string",
                "description": "Select an existing BIG-IP HTTPS pool monitor. Monitors are used to determine the health of the application on each server",
                "description_kind": "plain",
                "optional": true
              },
              "existing_pool": {
                "type": "string",
                "description": "Select an existing BIG-IP Pool",
                "description_kind": "plain",
                "optional": true
              },
              "existing_snat_pool": {
                "type": "string",
                "description": "name of an existing BIG-IP SNAT pool",
                "description_kind": "plain",
                "optional": true
              },
              "existing_tls_client_profile": {
                "type": "string",
                "description": "Select an existing TLS client profile",
                "description_kind": "plain",
                "optional": true
              },
              "existing_tls_server_profile": {
                "type": "string",
                "description": "Select an existing TLS server profile",
                "description_kind": "plain",
                "optional": true
              },
              "existing_waf_security_policy": {
                "type": "string",
                "description_kind": "plain",
                "optional": true
              },
              "fast_https_json": {
                "type": "string",
                "description": "Json payload for FAST HTTPS application.",
                "description_kind": "plain",
                "computed": true
              },
              "id": {
                "type": "string",
                "description_kind": "plain",
                "optional": true,
                "computed": true
              },
              "load_balancing_mode": {
                "type": "string",
                "description": "none",
                "description_kind": "plain",
                "optional": true
              },
              "security_log_profiles": {
                "type": [
                  "list",
                  "string"
                ],
                "description_kind": "plain",
                "optional": true
              },
              "service_discovery": {
                "type": [
                  "list",
                  "string"
                ],
                "description_kind": "plain",
                "optional": true,
                "computed": true
              },
              "slow_ramp_time": {
                "type": "number",
                "description": "none",
                "description_kind": "plain",
                "optional": true
              },
              "snat_pool_address": {
                "type": [
                  "list",
                  "string"
                ],
                "description_kind": "plain",
                "optional": true
              },
              "tenant": {
                "type": "string",
                "description": "Name of FAST HTTPS application tenant.",
                "description_kind": "plain",
                "required": true
              }
            },
            "block_types": {
              "monitor": {
                "nesting_mode": "list",
                "block": {
                  "attributes": {
                    "interval": {
                      "type": "number",
                      "description": "Set the time between health checks, in seconds.",
                      "description_kind": "plain",
                      "optional": true
                    },
                    "monitor_auth": {
                      "type": "bool",
                      "description_kind": "plain",
                      "optional": true
                    },
                    "password": {
                      "type": "string",
                      "description_kind": "plain",
                      "optional": true,
                      "sensitive": true
                    },
                    "response": {
                      "type": "string",
                      "description_kind": "plain",
                      "optional": true
                    },
                    "send_string": {
                      "type": "string",
                      "description": "Optional data to be sent during each health check.",
                      "description_kind": "plain",
                      "optional": true
                    },
                    "username": {
                      "type": "string",
                      "description_kind": "plain",
                      "optional": true
                    }
                  },
                  "description": "foo",
                  "description_kind": "plain"
                },
                "max_items": 1
              },
              "pool_members": {
                "nesting_mode": "set",
                "block": {
                  "attributes": {
                    "addresses": {
                      "type": [
                        "list",
                        "string"
                      ],
                      "description_kind": "plain",
                      "required": true
                    },
                    "connection_limit": {
                      "type": "number",
                      "description_kind": "plain",
                      "optional": true,
                      "computed": true
                    },
                    "port": {
                      "type": "number",
                      "description_kind": "plain",
                      "optional": true
                    },
                    "priority_group": {
                      "type": "number",
                      "description_kind": "plain",
                      "optional": true,
                      "computed": true
                    },
                    "share_nodes": {
                      "type": "bool",
                      "description_kind": "plain",
                      "optional": true,
                      "computed": true
                    }
                  },
                  "description_kind": "plain"
                }
              },
              "tls_client_profile": {
                "nesting_mode": "list",
                "block": {
                  "attributes": {
                    "tls_cert_name": {
                      "type": "string",
                      "description": "Select an existing BIG-IP SSL certificate",
                      "description_kind": "plain",
                      "required": true
                    },
                    "tls_key_name": {
                      "type": "string",
                      "description": "Select an existing BIG-IP SSL key",
                      "description_kind": "plain",
                      "required": true
                    }
                  },
                  "description_kind": "plain"
                },
                "max_items": 1
              },
              "tls_server_profile": {
                "nesting_mode": "list",
                "block": {
                  "attributes": {
                    "tls_cert_name": {
                      "type": "string",
                      "description": "Select an existing BIG-IP SSL certificate",
                      "description_kind": "plain",
                      "required": true
                    },
                    "tls_key_name": {
                      "type": "string",
                      "description": "Select an existing BIG-IP SSL key",
                      "description_kind": "plain",
                      "required": true
                    }
                  },
                  "description_kind": "plain"
                },
                "max_items": 1
              },
              "virtual_server": {
                "nesting_mode": "list",
                "block": {
                  "attributes": {
                    "ip": {
                      "type": "string",
                      "description": "foo",
                      "description_kind": "plain",
                      "required": true
                    },
                    "port": {
                      "type": "number",
                      "description": "foo",
                      "description_kind": "plain",
                      "required": true
                    }
                  },
                  "description_kind": "plain"
                },
                "max_items": 1
              },
              "waf_security_policy": {
                "nesting_mode": "list",
                "block": {
                  "attributes": {
                    "enable": {
                      "type": "bool",
                      "description": "Enables Fast to WAF security policy",
                      "description_kind": "plain",
                      "required": true
                    }
                  },
                  "description_kind": "plain"
                },
                "max_items": 1
              }
            },
            "description_kind": "plain"
          }
        },
        "bigip_fast_tcp_app": {
          "version": 0,
          "block": {
            "attributes": {
              "application": {
                "type": "string",
                "description": "Name of the TCP FAST application",
                "description_kind": "plain",
                "required": true
              },
              "existing_monitor": {
                "type": "string",
                "description": "Select an existing BIG-IP HTTPS pool monitor. Monitors are used to determine the health of the application on each server",
                "description_kind": "plain",
                "optional": true
              },
              "existing_pool": {
                "type": "string",
                "description": "Select an existing BIG-IP Pool.",
                "description_kind": "plain",
                "optional": true
              },
              "existing_snat_pool": {
                "type": "string",
                "description": "Name of an existing BIG-IP SNAT pool.",
                "description_kind": "plain",
                "optional": true
              },
              "fast_tcp_json": {
                "type": "string",
                "description": "Json payload for FAST TCP application.",
                "description_kind": "plain",
                "computed": true
              },
              "id": {
                "type": "string",
                "description_kind": "plain",
                "optional": true,
                "computed": true
              },
              "load_balancing_mode": {
                "type": "string",
                "description": "none",
                "description_kind": "plain",
                "optional": true
              },
              "slow_ramp_time": {
                "type": "number",
                "description": "Slow ramp temporarily throttles the number of connections to a new pool member.",
                "description_kind": "plain",
                "optional": true
              },
              "snat_pool_address": {
                "type": [
                  "list",
                  "string"
                ],
                "description_kind": "plain",
                "optional": true
              },
              "tenant": {
                "type": "string",
                "description": "Name of the TCP FAST application tenant",
                "description_kind": "plain",
                "required": true
              }
            },
            "block_types": {
              "monitor": {
                "nesting_mode": "list",
                "block": {
                  "attributes": {
                    "interval": {
                      "type": "number",
                      "description": "Set the time between health checks, in seconds.",
                      "description_kind": "plain",
                      "optional": true
                    }
                  },
                  "description": "Use a FAST generated pool monitor.",
                  "description_kind": "plain"
                },
                "max_items": 1
              },
              "pool_members": {
                "nesting_mode": "set",
                "block": {
                  "attributes": {
                    "addresses": {
                      "type": [
                        "list",
                        "string"
                      ],
                      "description_kind": "plain",
                      "required": true
                    },
                    "connection_limit": {
                      "type": "number",
                      "description_kind": "plain",
                      "optional": true
                    },
                    "port": {
                      "type": "number",
                      "description_kind": "plain",
                      "optional": true
                    },
                    "priority_group": {
                      "type": "number",
                      "description_kind": "plain",
                      "optional": true
                    },
                    "share_nodes": {
                      "type": "bool",
                      "description_kind": "plain",
                      "optional": true
                    }
                  },
                  "description_kind": "plain"
                }
              },
              "virtual_server": {
                "nesting_mode": "list",
                "block": {
                  "attributes": {
                    "ip": {
                      "type": "string",
                      "description": "This IP address, combined with the port you specify below, becomes the BIG-IP virtual server address and port, which clients use to access the application.",
                      "description_kind": "plain",
                      "required": true
                    },
                    "port": {
                      "type": "number",
                      "description": "Port for the virtual server.",
                      "description_kind": "plain",
                      "required": true
                    }
                  },
                  "description_kind": "plain"
                },
                "max_items": 1
              }
            },
            "description_kind": "plain"
          }
        },
        "bigip_fast_template": {
          "version": 0,
          "block": {
            "attributes": {
              "id": {
                "type": "string",
                "description_kind": "plain",
                "optional": true,
                "computed": true
              },
              "md5_hash": {
                "type": "string",
                "description": "MD5 hash of the fast template zip file",
                "description_kind": "plain",
                "required": true
              },
              "name": {
                "type": "string",
                "description": "Name of Fast template set",
                "description_kind": "plain",
                "optional": true
              },
              "source": {
                "type": "string",
                "description": "Location of the fast template set package on disk",
                "description_kind": "plain",
                "required": true
              }
            },
            "description_kind": "plain"
          }
        },
        "bigip_fast_udp_app": {
          "version": 0,
          "block": {
            "attributes": {
              "application": {
                "type": "string",
                "description": "Name of the UDP FAST application",
                "description_kind": "plain",
                "required": true
              },
              "enable_fastl4": {
                "type": "bool",
                "description": "Enables use of FastL4 profiles on the virtual server.",
                "description_kind": "plain",
                "optional": true
              },
              "existing_monitor": {
                "type": "string",
                "description": "Select an existing BIG-IP HTTPS pool monitor. Monitors are used to determine the health of the application on each server",
                "description_kind": "plain",
                "optional": true
              },
              "existing_pool": {
                "type": "string",
                "description": "Select an existing BIG-IP Pool.",
                "description_kind": "plain",
                "optional": true
              },
              "existing_profile": {
                "type": "string",
                "description": "Name of an existing BIG-IP FastL4 or UDP profile.",
                "description_kind": "plain",
                "optional": true
              },
              "existing_snat_pool": {
                "type": "string",
                "description": "Name of an existing BIG-IP SNAT pool.",
                "description_kind": "plain",
                "optional": true
              },
              "fallback_persistence": {
                "type": "string",
                "description": "Type of fallback persistence record to be created for each new client connection.",
                "description_kind": "plain",
                "optional": true
              },
              "fast_udp_json": {
                "type": "string",
                "description": "Json payload for FAST UDP application.",
                "description_kind": "plain",
                "computed": true
              },
              "id": {
                "type": "string",
                "description_kind": "plain",
                "optional": true,
                "computed": true
              },
              "irules": {
                "type": [
                  "list",
                  "string"
                ],
                "description": "Irules to attach to Virtual Server.",
                "description_kind": "plain",
                "optional": true
              },
              "load_balancing_mode": {
                "type": "string",
                "description": "none",
                "description_kind": "plain",
                "optional": true
              },
              "persistence_profile": {
                "type": "string",
                "description": "Name of an existing BIG-IP persistence profile to be used.",
                "description_kind": "plain",
                "optional": true
              },
              "persistence_type": {
                "type": "string",
                "description": "Type of persistence profile to be created.",
                "description_kind": "plain",
                "optional": true
              },
              "security_log_profiles": {
                "type": [
                  "list",
                  "string"
                ],
                "description": "Existing security log profiles to enable.",
                "description_kind": "plain",
                "optional": true
              },
              "slow_ramp_time": {
                "type": "number",
                "description": "Slow ramp temporarily throttles the number of connections to a new pool member.",
                "description_kind": "plain",
                "optional": true
              },
              "snat_pool_address": {
                "type": [
                  "list",
                  "string"
                ],
                "description_kind": "plain",
                "optional": true
              },
              "tenant": {
                "type": "string",
                "description": "Name of the UDP FAST application tenant",
                "description_kind": "plain",
                "required": true
              },
              "vlans_allowed": {
                "type": [
                  "list",
                  "string"
                ],
                "description": "Names of existing VLANs to allow.",
                "description_kind": "plain",
                "optional": true
              },
              "vlans_rejected": {
                "type": [
                  "list",
                  "string"
                ],
                "description": "Names of existing VLANs to reject.",
                "description_kind": "plain",
                "optional": true
              }
            },
            "block_types": {
              "monitor": {
                "nesting_mode": "list",
                "block": {
                  "attributes": {
                    "expected_response": {
                      "type": "string",
                      "description": "The presence of this optional string is required in the response, if specified to confirms availability.",
                      "description_kind": "plain",
                      "optional": true
                    },
                    "interval": {
                      "type": "number",
                      "description": "Set the time between health checks, in seconds.",
                      "description_kind": "plain",
                      "optional": true
                    },
                    "send_string": {
                      "type": "string",
                      "description": "Optional data to be sent during each health check.",
                      "description_kind": "plain",
                      "optional": true
                    }
                  },
                  "description": "Use a FAST generated pool monitor.",
                  "description_kind": "plain"
                },
                "max_items": 1
              },
              "pool_members": {
                "nesting_mode": "set",
                "block": {
                  "attributes": {
                    "addresses": {
                      "type": [
                        "list",
                        "string"
                      ],
                      "description_kind": "plain",
                      "required": true
                    },
                    "connection_limit": {
                      "type": "number",
                      "description_kind": "plain",
                      "optional": true
                    },
                    "port": {
                      "type": "number",
                      "description_kind": "plain",
                      "optional": true
                    },
                    "priority_group": {
                      "type": "number",
                      "description_kind": "plain",
                      "optional": true
                    },
                    "share_nodes": {
                      "type": "bool",
                      "description_kind": "plain",
                      "optional": true
                    }
                  },
                  "description_kind": "plain"
                }
              },
              "virtual_server": {
                "nesting_mode": "list",
                "block": {
                  "attributes": {
                    "ip": {
                      "type": "string",
                      "description": "This IP address, combined with the port you specify below, becomes the BIG-IP virtual server address and port, which clients use to access the application.",
                      "description_kind": "plain",
                      "required": true
                    },
                    "port": {
                      "type": "number",
                      "description": "Port for the virtual server.",
                      "description_kind": "plain",
                      "required": true
                    }
                  },
                  "description_kind": "plain"
                },
                "max_items": 1
              }
            },
            "description_kind": "plain"
          }
        },
        "bigip_ipsec_policy": {
          "version": 0,
          "block": {
            "attributes": {
              "auth_algorithm": {
                "type": "string",
                "description": "Specifies the algorithm to use for IKE authentication.",
                "description_kind": "plain",
                "optional": true,
                "computed": true
              },
              "description": {
                "type": "string",
                "description": "Description of the IPsec policy.",
                "description_kind": "plain",
                "optional": true,
                "computed": true
              },
              "encrypt_algorithm": {
                "type": "string",
                "description": "Specifies the algorithm to use for IKE encryption.",
                "description_kind": "plain",
                "optional": true,
                "computed": true
              },
              "id": {
                "type": "string",
                "description_kind": "plain",
                "optional": true,
                "computed": true
              },
              "ipcomp": {
                "type": "string",
                "description": "Specifies whether to use IPComp encapsulation.",
                "description_kind": "plain",
                "optional": true,
                "computed": true
              },
              "kb_lifetime": {
                "type": "number",
                "description": "Specifies the length of time before the IKE security association expires, in kilobytes.",
                "description_kind": "plain",
                "optional": true,
                "computed": true
              },
              "lifetime": {
                "type": "number",
                "description": "Specifies the length of time before the IKE security association expires, in minutes.",
                "description_kind": "plain",
                "optional": true,
                "computed": true
              },
              "mode": {
                "type": "string",
                "description": "Specifies the processing mode.",
                "description_kind": "plain",
                "optional": true,
                "computed": true
              },
              "name": {
                "type": "string",
                "description": "Specifies the name of the IPsec policy.",
                "description_kind": "plain",
                "required": true
              },
              "perfect_forward_secrecy": {
                "type": "string",
                "description": "Specifies the Diffie-Hellman group to use for IKE Phase 2 negotiation.",
                "description_kind": "plain",
                "optional": true,
                "computed": true
              },
              "protocol": {
                "type": "string",
                "description": "Specifies the IPsec protocol.",
                "description_kind": "plain",
                "optional": true,
                "computed": true
              },
              "tunnel_local_address": {
                "type": "string",
                "description": "Specifies the local endpoint IP address of the IPsec tunnel. This parameter is only valid when mode is tunnel.",
                "description_kind": "plain",
                "optional": true,
                "computed": true
              },
              "tunnel_remote_address": {
                "type": "string",
                "description": "Specifies the remote endpoint IP address of the IPsec tunnel. This parameter is only valid when mode is tunnel.",
                "description_kind": "plain",
                "optional": true,
                "computed": true
              }
            },
            "description_kind": "plain"
          }
        },
        "bigip_ipsec_profile": {
          "version": 0,
          "block": {
            "attributes": {
              "description": {
                "type": "string",
                "description": "Specifies descriptive text that identifies the IPsec interface tunnel profile",
                "description_kind": "plain",
                "optional": true,
                "computed": true
              },
              "id": {
                "type": "string",
                "description_kind": "plain",
                "optional": true,
                "computed": true
              },
              "name": {
                "type": "string",
                "description": "Displays the name of the IPsec interface tunnel profile",
                "description_kind": "plain",
                "required": true
              },
              "parent_profile": {
                "type": "string",
                "description": "Specifies the profile from which this profile inherits settings. The default is the system-supplied `/Common/ipsec` profile",
                "description_kind": "plain",
                "optional": true
              },
              "traffic_selector": {
                "type": "string",
                "description": "Specifies the traffic selector for the IPsec interface tunnel to which the profile is applied",
                "description_kind": "plain",
                "optional": true,
                "computed": true
              }
            },
            "description_kind": "plain"
          }
        },
        "bigip_ltm_cipher_group": {
          "version": 0,
          "block": {
            "attributes": {
              "allow": {
                "type": [
                  "set",
                  "string"
                ],
                "description": "Specifies the configuration of the allowed groups of ciphers. You can select a cipher rule from the Available Cipher Rules list",
                "description_kind": "plain",
                "optional": true
              },
              "description": {
                "type": "string",
                "description": "Specifies descriptive text that identifies the cipher rule",
                "description_kind": "plain",
                "optional": true
              },
              "id": {
                "type": "string",
                "description_kind": "plain",
                "optional": true,
                "computed": true
              },
              "name": {
                "type": "string",
                "description": "Name of the cipher group,name should be in pattern ``partition` + `cipher group name``",
                "description_kind": "plain",
                "required": true
              },
              "ordering": {
                "type": "string",
                "description": "Controls the order of the Cipher String list in the Cipher Audit section. Options are Default, Speed, Strength, FIPS, and Hardware. The rules are processed in the order listed",
                "description_kind": "plain",
                "optional": true,
                "computed": true
              },
              "require": {
                "type": [
                  "set",
                  "string"
                ],
                "description": "Specifies the configuration of the restrict groups of ciphers. You can select a cipher rule from the Available Cipher Rules list",
                "description_kind": "plain",
                "optional": true
              }
            },
            "description_kind": "plain"
          }
        },
        "bigip_ltm_cipher_rule": {
          "version": 0,
          "block": {
            "attributes": {
              "cipher": {
                "type": "string",
                "description": "Specifies one or more Cipher Suites used.Note: For SM2, type the following cipher suite string: ECC-SM4-SM3.",
                "description_kind": "plain",
                "required": true
              },
              "description": {
                "type": "string",
                "description": "Specifies descriptive text that identifies the cipher rule",
                "description_kind": "plain",
                "optional": true
              },
              "dh_groups": {
                "type": "string",
                "description": "Specifies the DH Groups Elliptic Curve Diffie-Hellman key exchange algorithms, separated by colons (:).Note: You can also type a special keyword, DEFAULT, which represents the recommended set of named groups",
                "description_kind": "plain",
                "optional": true,
                "computed": true
              },
              "id": {
                "type": "string",
                "description_kind": "plain",
                "optional": true,
                "computed": true
              },
              "name": {
                "type": "string",
                "description": "Name of the cipher rule,name should be in pattern ``partition` + `cipher rule name``",
                "description_kind": "plain",
                "required": true
              },
              "signature_algorithms": {
                "type": "string",
                "description": "Specifies the Signature Algorithms, separated by colons (:), that you want to include in the cipher rule. You can also type a special keyword, DEFAULT, which represents the recommended set of signature algorithms",
                "description_kind": "plain",
                "optional": true,
                "computed": true
              }
            },
            "description_kind": "plain"
          }
        },
        "bigip_ltm_datagroup": {
          "version": 0,
          "block": {
            "attributes": {
              "id": {
                "type": "string",
                "description_kind": "plain",
                "optional": true,
                "computed": true
              },
              "internal": {
                "type": "bool",
                "description": "Set flase if you want to create External Datagroup",
                "description_kind": "plain",
                "optional": true
              },
              "name": {
                "type": "string",
                "description": "Name of the Data Group List",
                "description_kind": "plain",
                "required": true
              },
              "records_src": {
                "type": "string",
                "description_kind": "plain",
                "optional": true
              },
              "type": {
                "type": "string",
                "description": "The Data Group type (string, ip, integer)",
                "description_kind": "plain",
                "required": true
              }
            },
            "block_types": {
              "record": {
                "nesting_mode": "set",
                "block": {
                  "attributes": {
                    "data": {
                      "type": "string",
                      "description_kind": "plain",
                      "optional": true
                    },
                    "name": {
                      "type": "string",
                      "description_kind": "plain",
                      "required": true
                    }
                  },
                  "description_kind": "plain"
                }
              }
            },
            "description_kind": "plain"
          }
        },
        "bigip_ltm_irule": {
          "version": 0,
          "block": {
            "attributes": {
              "id": {
                "type": "string",
                "description_kind": "plain",
                "optional": true,
                "computed": true
              },
              "irule": {
                "type": "string",
                "description": "The iRule body",
                "description_kind": "plain",
                "required": true
              },
              "name": {
                "type": "string",
                "description": "Name of the iRule",
                "description_kind": "plain",
                "required": true
              }
            },
            "description_kind": "plain"
          }
        },
        "bigip_ltm_monitor": {
          "version": 0,
          "block": {
            "attributes": {
              "adaptive": {
                "type": "string",
                "description": "Specifies whether adaptive response time monitoring is enabled for this monitor. The default is Disabled",
                "description_kind": "plain",
                "optional": true,
                "computed": true
              },
              "adaptive_limit": {
                "type": "number",
                "description": "Specifies the absolute number of milliseconds that may not be exceeded by a monitor probe, regardless of Allowed Divergence",
                "description_kind": "plain",
                "optional": true,
                "computed": true
              },
              "compatibility": {
                "type": "string",
                "description": "Specifies, when enabled, that the SSL options setting (in OpenSSL) is set to ALL. The default value is enabled.",
                "description_kind": "plain",
                "optional": true
              },
              "custom_parent": {
                "type": "string",
                "description": "Custom parent monitor to inherit from.",
                "description_kind": "plain",
                "optional": true
              },
              "database": {
                "type": "string",
                "description": "the database in which your user is created",
                "description_kind": "plain",
                "optional": true
              },
              "destination": {
                "type": "string",
                "description": "Alias for the destination",
                "description_kind": "plain",
                "optional": true,
                "computed": true
              },
              "filename": {
                "type": "string",
                "description": "Specifies the full path and file name of the file that the system attempts to download. The health check is successful if the system can download the file.",
                "description_kind": "plain",
                "optional": true
              },
              "id": {
                "type": "string",
                "description_kind": "plain",
                "optional": true,
                "computed": true
              },
              "interval": {
                "type": "number",
                "description": "Specifies, in seconds, the frequency at which the system issues the monitor check when either the resource is down or the status of the resource is unknown. The default is 5",
                "description_kind": "plain",
                "optional": true,
                "computed": true
              },
              "ip_dscp": {
                "type": "number",
                "description": "Displays the differentiated services code point (DSCP).The default is 0 (zero)",
                "description_kind": "plain",
                "optional": true,
                "computed": true
              },
              "manual_resume": {
                "type": "string",
                "description": "Specifies whether the system automatically changes the status of a resource to Enabled at the next successful monitor check",
                "description_kind": "plain",
                "optional": true,
                "computed": true
              },
              "mode": {
                "type": "string",
                "description": "Specifies the data transfer process (DTP) mode. The default value is passive.",
                "description_kind": "plain",
                "optional": true,
                "computed": true
              },
              "name": {
                "type": "string",
                "description": "Name of the monitor",
                "description_kind": "plain",
                "required": true
              },
              "parent": {
                "type": "string",
                "description": "Existing monitor to inherit from. Must be one of /Common/http, /Common/https, /Common/icmp, /Common/gateway_icmp or /Common/tcp_half_open or /Common/smtp.",
                "description_kind": "plain",
                "required": true
              },
              "password": {
                "type": "string",
                "description": "Specifies the password if the monitored target requires authentication",
                "description_kind": "plain",
                "optional": true,
                "sensitive": true
              },
              "receive": {
                "type": "string",
                "description": "Specifies the regular expression representing the text string that the monitor looks for in the returned resource.",
                "description_kind": "plain",
                "optional": true
              },
              "receive_disable": {
                "type": "string",
                "description": "The system marks the node or pool member disabled when its response matches Receive Disable String but not Receive String.",
                "description_kind": "plain",
                "optional": true
              },
              "reverse": {
                "type": "string",
                "description": "Instructs the system to mark the target resource down when the test is successful.",
                "description_kind": "plain",
                "optional": true,
                "computed": true
              },
              "send": {
                "type": "string",
                "description": "Specifies the text string that the monitor sends to the target object.",
                "description_kind": "plain",
                "optional": true,
                "computed": true
              },
              "ssl_profile": {
                "type": "string",
                "description": "the ssl profile",
                "description_kind": "plain",
                "optional": true
              },
              "time_until_up": {
                "type": "number",
                "description": "Specifies the number of seconds to wait after a resource first responds correctly to the monitor before setting the resource to up.",
                "description_kind": "plain",
                "optional": true,
                "computed": true
              },
              "timeout": {
                "type": "number",
                "description": "Specifies the number of seconds the target has in which to respond to the monitor request. The default is 16 seconds",
                "description_kind": "plain",
                "optional": true,
                "computed": true
              },
              "transparent": {
                "type": "string",
                "description": "Specifies whether the monitor operates in transparent mode.",
                "description_kind": "plain",
                "optional": true,
                "computed": true
              },
              "up_interval": {
                "type": "number",
                "description": "Specifies the interval for the system to use to perform the health check when a resource is up. The default is 0 (Disabled)",
                "description_kind": "plain",
                "optional": true,
                "computed": true
              },
              "username": {
                "type": "string",
                "description": "Specifies the user name if the monitored target requires authentication",
                "description_kind": "plain",
                "optional": true
              }
            },
            "description_kind": "plain"
          }
        },
        "bigip_ltm_node": {
          "version": 0,
          "block": {
            "attributes": {
              "address": {
                "type": "string",
                "description": "Address of the node",
                "description_kind": "plain",
                "required": true
              },
              "connection_limit": {
                "type": "number",
                "description": "Specifies the maximum number of connections allowed for the node or node address.",
                "description_kind": "plain",
                "optional": true,
                "computed": true
              },
              "description": {
                "type": "string",
                "description": "User defined description of the node.",
                "description_kind": "plain",
                "optional": true
              },
              "dynamic_ratio": {
                "type": "number",
                "description": "Sets the dynamic ratio number for the node. Used for dynamic ratio load balancing. ",
                "description_kind": "plain",
                "optional": true,
                "computed": true
              },
              "id": {
                "type": "string",
                "description_kind": "plain",
                "optional": true,
                "computed": true
              },
              "monitor": {
                "type": "string",
                "description": "Specifies the name of the monitor or monitor rule that you want to associate with the node.",
                "description_kind": "plain",
                "optional": true
              },
              "name": {
                "type": "string",
                "description": "Name of the node",
                "description_kind": "plain",
                "required": true
              },
              "rate_limit": {
                "type": "string",
                "description": "Specifies the maximum number of connections per second allowed for a node or node address. The default value is 'disabled'.",
                "description_kind": "plain",
                "optional": true,
                "computed": true
              },
              "ratio": {
                "type": "number",
                "description": "Sets the ratio number for the node.",
                "description_kind": "plain",
                "optional": true,
                "computed": true
              },
              "session": {
                "type": "string",
                "description": "Enables or disables the node for new sessions. The default value is user-enabled.",
                "description_kind": "plain",
                "optional": true,
                "computed": true
              },
              "state": {
                "type": "string",
                "description": "Marks the node up or down. The default value is user-up.",
                "description_kind": "plain",
                "optional": true,
                "computed": true
              }
            },
            "block_types": {
              "fqdn": {
                "nesting_mode": "list",
                "block": {
                  "attributes": {
                    "address_family": {
                      "type": "string",
                      "description": "Specifies the node's address family. The default is 'unspecified', or IP-agnostic",
                      "description_kind": "plain",
                      "optional": true,
                      "computed": true
                    },
                    "autopopulate": {
                      "type": "string",
                      "description": "Specifies whether the node should scale to the IP address set returned by DNS.",
                      "description_kind": "plain",
                      "optional": true,
                      "computed": true
                    },
                    "downinterval": {
                      "type": "number",
                      "description": "Specifies the number of attempts to resolve a domain name. The default is 5.",
                      "description_kind": "plain",
                      "optional": true,
                      "computed": true
                    },
                    "interval": {
                      "type": "string",
                      "description": "Specifies the amount of time before sending the next DNS query.",
                      "description_kind": "plain",
                      "optional": true,
                      "computed": true
                    },
                    "name": {
                      "type": "string",
                      "description": "Specifies the fully qualified domain name of the node.",
                      "description_kind": "plain",
                      "optional": true
                    }
                  },
                  "description_kind": "plain"
                },
                "max_items": 1
              }
            },
            "description_kind": "plain"
          }
        },
        "bigip_ltm_persistence_profile_cookie": {
          "version": 0,
          "block": {
            "attributes": {
              "always_send": {
                "type": "string",
                "description": "To enable _ disable always sending cookies",
                "description_kind": "plain",
                "optional": true,
                "computed": true
              },
              "app_service": {
                "type": "string",
                "description_kind": "plain",
                "optional": true,
                "computed": true
              },
              "cookie_encryption": {
                "type": "string",
                "description": "To required, preferred, or disabled policy for cookie encryption",
                "description_kind": "plain",
                "optional": true,
                "computed": true
              },
              "cookie_encryption_passphrase": {
                "type": "string",
                "description": "Passphrase for encrypted cookies",
                "description_kind": "plain",
                "optional": true,
                "computed": true
              },
              "cookie_name": {
                "type": "string",
                "description": "Name of the cookie to track persistence",
                "description_kind": "plain",
                "optional": true,
                "computed": true
              },
              "defaults_from": {
                "type": "string",
                "description": "Inherit defaults from parent profile",
                "description_kind": "plain",
                "required": true
              },
              "expiration": {
                "type": "string",
                "description": "Expiration TTL for cookie specified in D:H:M:S or in seconds",
                "description_kind": "plain",
                "optional": true,
                "computed": true
              },
              "hash_length": {
                "type": "number",
                "description": "Length of hash to apply to cookie",
                "description_kind": "plain",
                "optional": true,
                "computed": true
              },
              "hash_offset": {
                "type": "number",
                "description": "Number of characters to skip in the cookie for the hash",
                "description_kind": "plain",
                "optional": true,
                "computed": true
              },
              "httponly": {
                "type": "string",
                "description": "To enable _ disable sending only over http",
                "description_kind": "plain",
                "optional": true,
                "computed": true
              },
              "id": {
                "type": "string",
                "description_kind": "plain",
                "optional": true,
                "computed": true
              },
              "match_across_pools": {
                "type": "string",
                "description": "To enable _ disable match across pools with given persistence record",
                "description_kind": "plain",
                "optional": true,
                "computed": true
              },
              "match_across_services": {
                "type": "string",
                "description": "To enable _ disable match across services with given persistence record",
                "description_kind": "plain",
                "optional": true,
                "computed": true
              },
              "match_across_virtuals": {
                "type": "string",
                "description": "To enable _ disable match across virtual servers with given persistence record",
                "description_kind": "plain",
                "optional": true,
                "computed": true
              },
              "method": {
                "type": "string",
                "description": "Specifies the type of cookie processing that the system uses",
                "description_kind": "plain",
                "optional": true,
                "computed": true
              },
              "mirror": {
                "type": "string",
                "description": "To enable _ disable",
                "description_kind": "plain",
                "optional": true,
                "computed": true
              },
              "name": {
                "type": "string",
                "description": "Name of the persistence profile",
                "description_kind": "plain",
                "required": true
              },
              "override_conn_limit": {
                "type": "string",
                "description": "To enable _ disable that pool member connection limits are overridden for persisted clients. Per-virtual connection limits remain hard limits and are not overridden.",
                "description_kind": "plain",
                "optional": true,
                "computed": true
              },
              "timeout": {
                "type": "number",
                "description": "Timeout for persistence of the session",
                "description_kind": "plain",
                "optional": true,
                "computed": true
              }
            },
            "description_kind": "plain"
          }
        },
        "bigip_ltm_persistence_profile_dstaddr": {
          "version": 0,
          "block": {
            "attributes": {
              "app_service": {
                "type": "string",
                "description_kind": "plain",
                "optional": true,
                "computed": true
              },
              "defaults_from": {
                "type": "string",
                "description": "Inherit defaults from parent profile",
                "description_kind": "plain",
                "required": true
              },
              "hash_algorithm": {
                "type": "string",
                "description": "Specify the hash algorithm",
                "description_kind": "plain",
                "optional": true,
                "computed": true
              },
              "id": {
                "type": "string",
                "description_kind": "plain",
                "optional": true,
                "computed": true
              },
              "mask": {
                "type": "string",
                "description": "Identify a range of source IP addresses to manage together as a single source address affinity persistent connection when connecting to the pool. Must be a valid IPv4 or IPv6 mask.",
                "description_kind": "plain",
                "optional": true,
                "computed": true
              },
              "match_across_pools": {
                "type": "string",
                "description": "To enable _ disable match across pools with given persistence record",
                "description_kind": "plain",
                "optional": true,
                "computed": true
              },
              "match_across_services": {
                "type": "string",
                "description": "To enable _ disable match across services with given persistence record",
                "description_kind": "plain",
                "optional": true,
                "computed": true
              },
              "match_across_virtuals": {
                "type": "string",
                "description": "To enable _ disable match across services with given persistence record",
                "description_kind": "plain",
                "optional": true,
                "computed": true
              },
              "mirror": {
                "type": "string",
                "description": "To enable _ disable",
                "description_kind": "plain",
                "optional": true,
                "computed": true
              },
              "name": {
                "type": "string",
                "description": "Name of the persistence profile",
                "description_kind": "plain",
                "required": true
              },
              "override_conn_limit": {
                "type": "string",
                "description": "To enable _ disable that pool member connection limits are overridden for persisted clients. Per-virtual connection limits remain hard limits and are not overridden.",
                "description_kind": "plain",
                "optional": true,
                "computed": true
              },
              "timeout": {
                "type": "number",
                "description": "Timeout for persistence of the session",
                "description_kind": "plain",
                "optional": true,
                "computed": true
              }
            },
            "description_kind": "plain"
          }
        },
        "bigip_ltm_persistence_profile_srcaddr": {
          "version": 0,
          "block": {
            "attributes": {
              "app_service": {
                "type": "string",
                "description_kind": "plain",
                "optional": true,
                "computed": true
              },
              "defaults_from": {
                "type": "string",
                "description": "Inherit defaults from parent profile",
                "description_kind": "plain",
                "required": true
              },
              "hash_algorithm": {
                "type": "string",
                "description": "Specify the hash algorithm",
                "description_kind": "plain",
                "optional": true,
                "computed": true
              },
              "id": {
                "type": "string",
                "description_kind": "plain",
                "optional": true,
                "computed": true
              },
              "map_proxies": {
                "type": "string",
                "description": "To enable _ disable directs all to the same single pool member",
                "description_kind": "plain",
                "optional": true,
                "computed": true
              },
              "mask": {
                "type": "string",
                "description": "Identify a range of source IP addresses to manage together as a single source address affinity persistent connection when connecting to the pool. Must be a valid IPv4 or IPv6 mask.",
                "description_kind": "plain",
                "optional": true,
                "computed": true
              },
              "match_across_pools": {
                "type": "string",
                "description": "To enable _ disable match across pools with given persistence record",
                "description_kind": "plain",
                "optional": true,
                "computed": true
              },
              "match_across_services": {
                "type": "string",
                "description": "To enable _ disable match across services with given persistence record",
                "description_kind": "plain",
                "optional": true,
                "computed": true
              },
              "match_across_virtuals": {
                "type": "string",
                "description": "To enable _ disable match across services with given persistence record",
                "description_kind": "plain",
                "optional": true,
                "computed": true
              },
              "mirror": {
                "type": "string",
                "description": "To enable _ disable",
                "description_kind": "plain",
                "optional": true,
                "computed": true
              },
              "name": {
                "type": "string",
                "description": "Name of the persistence profile",
                "description_kind": "plain",
                "required": true
              },
              "override_conn_limit": {
                "type": "string",
                "description": "To enable _ disable that pool member connection limits are overridden for persisted clients. Per-virtual connection limits remain hard limits and are not overridden.",
                "description_kind": "plain",
                "optional": true,
                "computed": true
              },
              "timeout": {
                "type": "number",
                "description": "Timeout for persistence of the session",
                "description_kind": "plain",
                "optional": true,
                "computed": true
              }
            },
            "description_kind": "plain"
          }
        },
        "bigip_ltm_persistence_profile_ssl": {
          "version": 0,
          "block": {
            "attributes": {
              "app_service": {
                "type": "string",
                "description_kind": "plain",
                "optional": true
              },
              "defaults_from": {
                "type": "string",
                "description": "Inherit defaults from parent profile",
                "description_kind": "plain",
                "required": true
              },
              "id": {
                "type": "string",
                "description_kind": "plain",
                "optional": true,
                "computed": true
              },
              "match_across_pools": {
                "type": "string",
                "description": "To enable _ disable match across pools with given persistence record",
                "description_kind": "plain",
                "optional": true,
                "computed": true
              },
              "match_across_services": {
                "type": "string",
                "description": "To enable _ disable match across services with given persistence record",
                "description_kind": "plain",
                "optional": true,
                "computed": true
              },
              "match_across_virtuals": {
                "type": "string",
                "description": "To enable _ disable match across services with given persistence record",
                "description_kind": "plain",
                "optional": true,
                "computed": true
              },
              "mirror": {
                "type": "string",
                "description": "To enable _ disable",
                "description_kind": "plain",
                "optional": true,
                "computed": true
              },
              "name": {
                "type": "string",
                "description": "Name of the persistence profile",
                "description_kind": "plain",
                "required": true
              },
              "override_conn_limit": {
                "type": "string",
                "description": "To enable _ disable that pool member connection limits are overridden for persisted clients. Per-virtual connection limits remain hard limits and are not overridden.",
                "description_kind": "plain",
                "optional": true,
                "computed": true
              },
              "timeout": {
                "type": "number",
                "description": "Timeout for persistence of the session",
                "description_kind": "plain",
                "optional": true
              }
            },
            "description_kind": "plain"
          }
        },
        "bigip_ltm_policy": {
          "version": 0,
          "block": {
            "attributes": {
              "controls": {
                "type": [
                  "set",
                  "string"
                ],
                "description_kind": "plain",
                "optional": true
              },
              "description": {
                "type": "string",
                "description": "Specifies descriptive text that identifies the ltm policy.",
                "description_kind": "plain",
                "optional": true
              },
              "id": {
                "type": "string",
                "description_kind": "plain",
                "optional": true,
                "computed": true
              },
              "name": {
                "type": "string",
                "description": "Name of the Policy",
                "description_kind": "plain",
                "required": true
              },
              "published_copy": {
                "type": "string",
                "description": "Publish the Policy",
                "description_kind": "plain",
                "deprecated": true,
                "optional": true
              },
              "requires": {
                "type": [
                  "set",
                  "string"
                ],
                "description_kind": "plain",
                "optional": true
              },
              "strategy": {
                "type": "string",
                "description": "Policy Strategy (i.e. /Common/first-match)",
                "description_kind": "plain",
                "optional": true
              }
            },
            "block_types": {
              "rule": {
                "nesting_mode": "list",
                "block": {
                  "attributes": {
                    "description": {
                      "type": "string",
                      "description": "Specifies descriptive text that identifies the irule attached to policy.",
                      "description_kind": "plain",
                      "optional": true
                    },
                    "name": {
                      "type": "string",
                      "description": "Rule name",
                      "description_kind": "plain",
                      "required": true
                    }
                  },
                  "block_types": {
                    "action": {
                      "nesting_mode": "list",
                      "block": {
                        "attributes": {
                          "app_service": {
                            "type": "string",
                            "description_kind": "plain",
                            "optional": true,
                            "computed": true
                          },
                          "application": {
                            "type": "string",
                            "description_kind": "plain",
                            "optional": true,
                            "computed": true
                          },
                          "asm": {
                            "type": "bool",
                            "description_kind": "plain",
                            "optional": true,
                            "computed": true
                          },
                          "avr": {
                            "type": "bool",
                            "description_kind": "plain",
                            "optional": true,
                            "computed": true
                          },
                          "cache": {
                            "type": "bool",
                            "description_kind": "plain",
                            "optional": true,
                            "computed": true
                          },
                          "carp": {
                            "type": "bool",
                            "description_kind": "plain",
                            "optional": true,
                            "computed": true
                          },
                          "category": {
                            "type": "string",
                            "description_kind": "plain",
                            "optional": true,
                            "computed": true
                          },
                          "classify": {
                            "type": "bool",
                            "description_kind": "plain",
                            "optional": true,
                            "computed": true
                          },
                          "clone_pool": {
                            "type": "string",
                            "description_kind": "plain",
                            "optional": true,
                            "computed": true
                          },
                          "code": {
                            "type": "number",
                            "description_kind": "plain",
                            "optional": true,
                            "computed": true
                          },
                          "compress": {
                            "type": "bool",
                            "description_kind": "plain",
                            "optional": true,
                            "computed": true
                          },
                          "connection": {
                            "type": "bool",
                            "description_kind": "plain",
                            "optional": true
                          },
                          "content": {
                            "type": "string",
                            "description_kind": "plain",
                            "optional": true,
                            "computed": true
                          },
                          "cookie_hash": {
                            "type": "bool",
                            "description_kind": "plain",
                            "optional": true,
                            "computed": true
                          },
                          "cookie_insert": {
                            "type": "bool",
                            "description_kind": "plain",
                            "optional": true,
                            "computed": true
                          },
                          "cookie_passive": {
                            "type": "bool",
                            "description_kind": "plain",
                            "optional": true,
                            "computed": true
                          },
                          "cookie_rewrite": {
                            "type": "bool",
                            "description_kind": "plain",
                            "optional": true,
                            "computed": true
                          },
                          "decompress": {
                            "type": "bool",
                            "description_kind": "plain",
                            "optional": true,
                            "computed": true
                          },
                          "defer": {
                            "type": "bool",
                            "description_kind": "plain",
                            "optional": true,
                            "computed": true
                          },
                          "destination_address": {
                            "type": "bool",
                            "description_kind": "plain",
                            "optional": true,
                            "computed": true
                          },
                          "disable": {
                            "type": "bool",
                            "description_kind": "plain",
                            "optional": true,
                            "computed": true
                          },
                          "domain": {
                            "type": "string",
                            "description_kind": "plain",
                            "optional": true,
                            "computed": true
                          },
                          "enable": {
                            "type": "bool",
                            "description_kind": "plain",
                            "optional": true,
                            "computed": true
                          },
                          "expiry": {
                            "type": "string",
                            "description_kind": "plain",
                            "optional": true,
                            "computed": true
                          },
                          "expiry_secs": {
                            "type": "number",
                            "description_kind": "plain",
                            "optional": true,
                            "computed": true
                          },
                          "expression": {
                            "type": "string",
                            "description_kind": "plain",
                            "optional": true,
                            "computed": true
                          },
                          "extension": {
                            "type": "string",
                            "description_kind": "plain",
                            "optional": true,
                            "computed": true
                          },
                          "facility": {
                            "type": "string",
                            "description_kind": "plain",
                            "optional": true,
                            "computed": true
                          },
                          "forward": {
                            "type": "bool",
                            "description_kind": "plain",
                            "optional": true
                          },
                          "from_profile": {
                            "type": "string",
                            "description_kind": "plain",
                            "optional": true,
                            "computed": true
                          },
                          "hash": {
                            "type": "bool",
                            "description_kind": "plain",
                            "optional": true,
                            "computed": true
                          },
                          "host": {
                            "type": "string",
                            "description_kind": "plain",
                            "optional": true,
                            "computed": true
                          },
                          "http": {
                            "type": "bool",
                            "description_kind": "plain",
                            "optional": true,
                            "computed": true
                          },
                          "http_basic_auth": {
                            "type": "bool",
                            "description_kind": "plain",
                            "optional": true,
                            "computed": true
                          },
                          "http_cookie": {
                            "type": "bool",
                            "description_kind": "plain",
                            "optional": true,
                            "computed": true
                          },
                          "http_header": {
                            "type": "bool",
                            "description_kind": "plain",
                            "optional": true,
                            "computed": true
                          },
                          "http_host": {
                            "type": "bool",
                            "description_kind": "plain",
                            "optional": true
                          },
                          "http_referer": {
                            "type": "bool",
                            "description_kind": "plain",
                            "optional": true,
                            "computed": true
                          },
                          "http_reply": {
                            "type": "bool",
                            "description_kind": "plain",
                            "optional": true,
                            "computed": true
                          },
                          "http_set_cookie": {
                            "type": "bool",
                            "description_kind": "plain",
                            "optional": true,
                            "computed": true
                          },
                          "http_uri": {
                            "type": "bool",
                            "description_kind": "plain",
                            "optional": true,
                            "computed": true
                          },
                          "ifile": {
                            "type": "string",
                            "description_kind": "plain",
                            "optional": true,
                            "computed": true
                          },
                          "insert": {
                            "type": "bool",
                            "description_kind": "plain",
                            "optional": true,
                            "computed": true
                          },
                          "internal_virtual": {
                            "type": "string",
                            "description_kind": "plain",
                            "optional": true,
                            "computed": true
                          },
                          "ip_address": {
                            "type": "string",
                            "description_kind": "plain",
                            "optional": true,
                            "computed": true
                          },
                          "key": {
                            "type": "string",
                            "description_kind": "plain",
                            "optional": true,
                            "computed": true
                          },
                          "l7dos": {
                            "type": "bool",
                            "description_kind": "plain",
                            "optional": true,
                            "computed": true
                          },
                          "length": {
                            "type": "number",
                            "description_kind": "plain",
                            "optional": true,
                            "computed": true
                          },
                          "location": {
                            "type": "string",
                            "description_kind": "plain",
                            "optional": true,
                            "computed": true
                          },
                          "log": {
                            "type": "bool",
                            "description_kind": "plain",
                            "optional": true,
                            "computed": true
                          },
                          "ltm_policy": {
                            "type": "bool",
                            "description_kind": "plain",
                            "optional": true,
                            "computed": true
                          },
                          "member": {
                            "type": "string",
                            "description_kind": "plain",
                            "optional": true,
                            "computed": true
                          },
                          "message": {
                            "type": "string",
                            "description_kind": "plain",
                            "optional": true,
                            "computed": true
                          },
                          "netmask": {
                            "type": "string",
                            "description_kind": "plain",
                            "optional": true,
                            "computed": true
                          },
                          "nexthop": {
                            "type": "string",
                            "description_kind": "plain",
                            "optional": true,
                            "computed": true
                          },
                          "node": {
                            "type": "string",
                            "description_kind": "plain",
                            "optional": true,
                            "computed": true
                          },
                          "offset": {
                            "type": "number",
                            "description_kind": "plain",
                            "optional": true,
                            "computed": true
                          },
                          "path": {
                            "type": "string",
                            "description_kind": "plain",
                            "optional": true,
                            "computed": true
                          },
                          "pem": {
                            "type": "bool",
                            "description_kind": "plain",
                            "optional": true,
                            "computed": true
                          },
                          "persist": {
                            "type": "bool",
                            "description_kind": "plain",
                            "optional": true,
                            "computed": true
                          },
                          "pin": {
                            "type": "bool",
                            "description_kind": "plain",
                            "optional": true,
                            "computed": true
                          },
                          "policy": {
                            "type": "string",
                            "description_kind": "plain",
                            "optional": true,
                            "computed": true
                          },
                          "pool": {
                            "type": "string",
                            "description_kind": "plain",
                            "optional": true,
                            "computed": true
                          },
                          "port": {
                            "type": "number",
                            "description_kind": "plain",
                            "optional": true,
                            "computed": true
                          },
                          "priority": {
                            "type": "string",
                            "description_kind": "plain",
                            "optional": true,
                            "computed": true
                          },
                          "profile": {
                            "type": "string",
                            "description_kind": "plain",
                            "optional": true,
                            "computed": true
                          },
                          "protocol": {
                            "type": "string",
                            "description_kind": "plain",
                            "optional": true,
                            "computed": true
                          },
                          "query_string": {
                            "type": "string",
                            "description_kind": "plain",
                            "optional": true,
                            "computed": true
                          },
                          "rateclass": {
                            "type": "string",
                            "description_kind": "plain",
                            "optional": true,
                            "computed": true
                          },
                          "redirect": {
                            "type": "bool",
                            "description_kind": "plain",
                            "optional": true,
                            "computed": true
                          },
                          "remove": {
                            "type": "bool",
                            "description_kind": "plain",
                            "optional": true,
                            "computed": true
                          },
                          "replace": {
                            "type": "bool",
                            "description_kind": "plain",
                            "optional": true,
                            "computed": true
                          },
                          "request": {
                            "type": "bool",
                            "description_kind": "plain",
                            "optional": true,
                            "computed": true
                          },
                          "request_adapt": {
                            "type": "bool",
                            "description_kind": "plain",
                            "optional": true,
                            "computed": true
                          },
                          "reset": {
                            "type": "bool",
                            "description_kind": "plain",
                            "optional": true,
                            "computed": true
                          },
                          "response": {
                            "type": "bool",
                            "description_kind": "plain",
                            "optional": true,
                            "computed": true
                          },
                          "response_adapt": {
                            "type": "bool",
                            "description_kind": "plain",
                            "optional": true,
                            "computed": true
                          },
                          "scheme": {
                            "type": "string",
                            "description_kind": "plain",
                            "optional": true,
                            "computed": true
                          },
                          "script": {
                            "type": "string",
                            "description_kind": "plain",
                            "optional": true,
                            "computed": true
                          },
                          "select": {
                            "type": "bool",
                            "description_kind": "plain",
                            "optional": true,
                            "computed": true
                          },
                          "server_ssl": {
                            "type": "bool",
                            "description_kind": "plain",
                            "optional": true,
                            "computed": true
                          },
                          "set_variable": {
                            "type": "bool",
                            "description_kind": "plain",
                            "optional": true,
                            "computed": true
                          },
                          "shutdown": {
                            "type": "bool",
                            "description_kind": "plain",
                            "optional": true
                          },
                          "snat": {
                            "type": "string",
                            "description_kind": "plain",
                            "optional": true,
                            "computed": true
                          },
                          "snatpool": {
                            "type": "string",
                            "description_kind": "plain",
                            "optional": true,
                            "computed": true
                          },
                          "source_address": {
                            "type": "bool",
                            "description_kind": "plain",
                            "optional": true,
                            "computed": true
                          },
                          "ssl_client_hello": {
                            "type": "bool",
                            "description_kind": "plain",
                            "optional": true,
                            "computed": true
                          },
                          "ssl_server_handshake": {
                            "type": "bool",
                            "description_kind": "plain",
                            "optional": true,
                            "computed": true
                          },
                          "ssl_server_hello": {
                            "type": "bool",
                            "description_kind": "plain",
                            "optional": true,
                            "computed": true
                          },
                          "ssl_session_id": {
                            "type": "bool",
                            "description_kind": "plain",
                            "optional": true,
                            "computed": true
                          },
                          "status": {
                            "type": "number",
                            "description_kind": "plain",
                            "optional": true,
                            "computed": true
                          },
                          "tcl": {
                            "type": "bool",
                            "description_kind": "plain",
                            "optional": true,
                            "computed": true
                          },
                          "tcp_nagle": {
                            "type": "bool",
                            "description_kind": "plain",
                            "optional": true,
                            "computed": true
                          },
                          "text": {
                            "type": "string",
                            "description_kind": "plain",
                            "optional": true,
                            "computed": true
                          },
                          "timeout": {
                            "type": "number",
                            "description_kind": "plain",
                            "optional": true,
                            "computed": true
                          },
                          "tm_name": {
                            "type": "string",
                            "description_kind": "plain",
                            "optional": true,
                            "computed": true
                          },
                          "uie": {
                            "type": "bool",
                            "description_kind": "plain",
                            "optional": true,
                            "computed": true
                          },
                          "universal": {
                            "type": "bool",
                            "description_kind": "plain",
                            "optional": true,
                            "computed": true
                          },
                          "value": {
                            "type": "string",
                            "description_kind": "plain",
                            "optional": true,
                            "computed": true
                          },
                          "virtual": {
                            "type": "string",
                            "description_kind": "plain",
                            "optional": true,
                            "computed": true
                          },
                          "vlan": {
                            "type": "string",
                            "description_kind": "plain",
                            "optional": true,
                            "computed": true
                          },
                          "vlan_id": {
                            "type": "number",
                            "description_kind": "plain",
                            "optional": true,
                            "computed": true
                          },
                          "wam": {
                            "type": "bool",
                            "description_kind": "plain",
                            "optional": true,
                            "computed": true
                          },
                          "write": {
                            "type": "bool",
                            "description_kind": "plain",
                            "optional": true,
                            "computed": true
                          }
                        },
                        "description_kind": "plain"
                      }
                    },
                    "condition": {
                      "nesting_mode": "list",
                      "block": {
                        "attributes": {
                          "address": {
                            "type": "bool",
                            "description_kind": "plain",
                            "optional": true,
                            "computed": true
                          },
                          "all": {
                            "type": "bool",
                            "description_kind": "plain",
                            "optional": true,
                            "computed": true
                          },
                          "app_service": {
                            "type": "string",
                            "description_kind": "plain",
                            "optional": true,
                            "computed": true
                          },
                          "browser_type": {
                            "type": "bool",
                            "description_kind": "plain",
                            "optional": true,
                            "computed": true
                          },
                          "browser_version": {
                            "type": "bool",
                            "description_kind": "plain",
                            "optional": true,
                            "computed": true
                          },
                          "case_insensitive": {
                            "type": "bool",
                            "description_kind": "plain",
                            "optional": true,
                            "computed": true
                          },
                          "case_sensitive": {
                            "type": "bool",
                            "description_kind": "plain",
                            "optional": true,
                            "computed": true
                          },
                          "cipher": {
                            "type": "bool",
                            "description_kind": "plain",
                            "optional": true,
                            "computed": true
                          },
                          "cipher_bits": {
                            "type": "bool",
                            "description_kind": "plain",
                            "optional": true,
                            "computed": true
                          },
                          "client_accepted": {
                            "type": "bool",
                            "description_kind": "plain",
                            "optional": true,
                            "computed": true
                          },
                          "client_ssl": {
                            "type": "bool",
                            "description_kind": "plain",
                            "optional": true,
                            "computed": true
                          },
                          "code": {
                            "type": "bool",
                            "description_kind": "plain",
                            "optional": true,
                            "computed": true
                          },
                          "common_name": {
                            "type": "bool",
                            "description_kind": "plain",
                            "optional": true,
                            "computed": true
                          },
                          "contains": {
                            "type": "bool",
                            "description_kind": "plain",
                            "optional": true,
                            "computed": true
                          },
                          "continent": {
                            "type": "bool",
                            "description_kind": "plain",
                            "optional": true,
                            "computed": true
                          },
                          "country_code": {
                            "type": "bool",
                            "description_kind": "plain",
                            "optional": true,
                            "computed": true
                          },
                          "country_name": {
                            "type": "bool",
                            "description_kind": "plain",
                            "optional": true,
                            "computed": true
                          },
                          "cpu_usage": {
                            "type": "bool",
                            "description_kind": "plain",
                            "optional": true,
                            "computed": true
                          },
                          "datagroup": {
                            "type": "string",
                            "description_kind": "plain",
                            "optional": true
                          },
                          "device_make": {
                            "type": "bool",
                            "description_kind": "plain",
                            "optional": true,
                            "computed": true
                          },
                          "device_model": {
                            "type": "bool",
                            "description_kind": "plain",
                            "optional": true,
                            "computed": true
                          },
                          "domain": {
                            "type": "bool",
                            "description_kind": "plain",
                            "optional": true,
                            "computed": true
                          },
                          "ends_with": {
                            "type": "bool",
                            "description_kind": "plain",
                            "optional": true,
                            "computed": true
                          },
                          "equals": {
                            "type": "bool",
                            "description_kind": "plain",
                            "optional": true,
                            "computed": true
                          },
                          "exists": {
                            "type": "bool",
                            "description_kind": "plain",
                            "optional": true,
                            "computed": true
                          },
                          "expiry": {
                            "type": "bool",
                            "description_kind": "plain",
                            "optional": true,
                            "computed": true
                          },
                          "extension": {
                            "type": "bool",
                            "description_kind": "plain",
                            "optional": true,
                            "computed": true
                          },
                          "external": {
                            "type": "bool",
                            "description_kind": "plain",
                            "optional": true,
                            "computed": true
                          },
                          "geoip": {
                            "type": "bool",
                            "description_kind": "plain",
                            "optional": true,
                            "computed": true
                          },
                          "greater": {
                            "type": "bool",
                            "description_kind": "plain",
                            "optional": true,
                            "computed": true
                          },
                          "greater_or_equal": {
                            "type": "bool",
                            "description_kind": "plain",
                            "optional": true,
                            "computed": true
                          },
                          "host": {
                            "type": "bool",
                            "description_kind": "plain",
                            "optional": true,
                            "computed": true
                          },
                          "http_basic_auth": {
                            "type": "bool",
                            "description_kind": "plain",
                            "optional": true,
                            "computed": true
                          },
                          "http_cookie": {
                            "type": "bool",
                            "description_kind": "plain",
                            "optional": true,
                            "computed": true
                          },
                          "http_header": {
                            "type": "bool",
                            "description_kind": "plain",
                            "optional": true,
                            "computed": true
                          },
                          "http_host": {
                            "type": "bool",
                            "description_kind": "plain",
                            "optional": true,
                            "computed": true
                          },
                          "http_method": {
                            "type": "bool",
                            "description_kind": "plain",
                            "optional": true,
                            "computed": true
                          },
                          "http_referer": {
                            "type": "bool",
                            "description_kind": "plain",
                            "optional": true,
                            "computed": true
                          },
                          "http_set_cookie": {
                            "type": "bool",
                            "description_kind": "plain",
                            "optional": true,
                            "computed": true
                          },
                          "http_status": {
                            "type": "bool",
                            "description_kind": "plain",
                            "optional": true,
                            "computed": true
                          },
                          "http_uri": {
                            "type": "bool",
                            "description_kind": "plain",
                            "optional": true,
                            "computed": true
                          },
                          "http_user_agent": {
                            "type": "bool",
                            "description_kind": "plain",
                            "optional": true,
                            "computed": true
                          },
                          "http_version": {
                            "type": "bool",
                            "description_kind": "plain",
                            "optional": true,
                            "computed": true
                          },
                          "index": {
                            "type": "number",
                            "description_kind": "plain",
                            "optional": true,
                            "computed": true
                          },
                          "internal": {
                            "type": "bool",
                            "description_kind": "plain",
                            "optional": true,
                            "computed": true
                          },
                          "isp": {
                            "type": "bool",
                            "description_kind": "plain",
                            "optional": true,
                            "computed": true
                          },
                          "last_15secs": {
                            "type": "bool",
                            "description_kind": "plain",
                            "optional": true,
                            "computed": true
                          },
                          "last_1min": {
                            "type": "bool",
                            "description_kind": "plain",
                            "optional": true,
                            "computed": true
                          },
                          "last_5mins": {
                            "type": "bool",
                            "description_kind": "plain",
                            "optional": true,
                            "computed": true
                          },
                          "less": {
                            "type": "bool",
                            "description_kind": "plain",
                            "optional": true,
                            "computed": true
                          },
                          "less_or_equal": {
                            "type": "bool",
                            "description_kind": "plain",
                            "optional": true,
                            "computed": true
                          },
                          "local": {
                            "type": "bool",
                            "description_kind": "plain",
                            "optional": true,
                            "computed": true
                          },
                          "major": {
                            "type": "bool",
                            "description_kind": "plain",
                            "optional": true,
                            "computed": true
                          },
                          "matches": {
                            "type": "bool",
                            "description_kind": "plain",
                            "optional": true,
                            "computed": true
                          },
                          "minor": {
                            "type": "bool",
                            "description_kind": "plain",
                            "optional": true,
                            "computed": true
                          },
                          "missing": {
                            "type": "bool",
                            "description_kind": "plain",
                            "optional": true,
                            "computed": true
                          },
                          "mss": {
                            "type": "bool",
                            "description_kind": "plain",
                            "optional": true,
                            "computed": true
                          },
                          "not": {
                            "type": "bool",
                            "description_kind": "plain",
                            "optional": true,
                            "computed": true
                          },
                          "org": {
                            "type": "bool",
                            "description_kind": "plain",
                            "optional": true,
                            "computed": true
                          },
                          "password": {
                            "type": "bool",
                            "description_kind": "plain",
                            "optional": true,
                            "computed": true
                          },
                          "path": {
                            "type": "bool",
                            "description_kind": "plain",
                            "optional": true,
                            "computed": true
                          },
                          "path_segment": {
                            "type": "bool",
                            "description_kind": "plain",
                            "optional": true,
                            "computed": true
                          },
                          "port": {
                            "type": "bool",
                            "description_kind": "plain",
                            "optional": true,
                            "computed": true
                          },
                          "present": {
                            "type": "bool",
                            "description_kind": "plain",
                            "optional": true,
                            "computed": true
                          },
                          "protocol": {
                            "type": "bool",
                            "description_kind": "plain",
                            "optional": true,
                            "computed": true
                          },
                          "query_parameter": {
                            "type": "bool",
                            "description_kind": "plain",
                            "optional": true,
                            "computed": true
                          },
                          "query_string": {
                            "type": "bool",
                            "description_kind": "plain",
                            "optional": true,
                            "computed": true
                          },
                          "region_code": {
                            "type": "bool",
                            "description_kind": "plain",
                            "optional": true,
                            "computed": true
                          },
                          "region_name": {
                            "type": "bool",
                            "description_kind": "plain",
                            "optional": true,
                            "computed": true
                          },
                          "remote": {
                            "type": "bool",
                            "description_kind": "plain",
                            "optional": true,
                            "computed": true
                          },
                          "request": {
                            "type": "bool",
                            "description_kind": "plain",
                            "optional": true,
                            "computed": true
                          },
                          "response": {
                            "type": "bool",
                            "description_kind": "plain",
                            "optional": true,
                            "computed": true
                          },
                          "route_domain": {
                            "type": "bool",
                            "description_kind": "plain",
                            "optional": true,
                            "computed": true
                          },
                          "rtt": {
                            "type": "bool",
                            "description_kind": "plain",
                            "optional": true,
                            "computed": true
                          },
                          "scheme": {
                            "type": "bool",
                            "description_kind": "plain",
                            "optional": true,
                            "computed": true
                          },
                          "server_name": {
                            "type": "bool",
                            "description_kind": "plain",
                            "optional": true,
                            "computed": true
                          },
                          "ssl_cert": {
                            "type": "bool",
                            "description_kind": "plain",
                            "optional": true,
                            "computed": true
                          },
                          "ssl_client_hello": {
                            "type": "bool",
                            "description_kind": "plain",
                            "optional": true,
                            "computed": true
                          },
                          "ssl_extension": {
                            "type": "bool",
                            "description_kind": "plain",
                            "optional": true,
                            "computed": true
                          },
                          "ssl_server_handshake": {
                            "type": "bool",
                            "description_kind": "plain",
                            "optional": true,
                            "computed": true
                          },
                          "ssl_server_hello": {
                            "type": "bool",
                            "description_kind": "plain",
                            "optional": true,
                            "computed": true
                          },
                          "starts_with": {
                            "type": "bool",
                            "description_kind": "plain",
                            "optional": true,
                            "computed": true
                          },
                          "tcp": {
                            "type": "bool",
                            "description_kind": "plain",
                            "optional": true,
                            "computed": true
                          },
                          "text": {
                            "type": "bool",
                            "description_kind": "plain",
                            "optional": true,
                            "computed": true
                          },
                          "tm_name": {
                            "type": "string",
                            "description_kind": "plain",
                            "optional": true,
                            "computed": true
                          },
                          "unnamed_query_parameter": {
                            "type": "bool",
                            "description_kind": "plain",
                            "optional": true,
                            "computed": true
                          },
                          "user_agent_token": {
                            "type": "bool",
                            "description_kind": "plain",
                            "optional": true,
                            "computed": true
                          },
                          "username": {
                            "type": "bool",
                            "description_kind": "plain",
                            "optional": true,
                            "computed": true
                          },
                          "value": {
                            "type": "bool",
                            "description_kind": "plain",
                            "optional": true,
                            "computed": true
                          },
                          "values": {
                            "type": [
                              "list",
                              "string"
                            ],
                            "description_kind": "plain",
                            "optional": true,
                            "computed": true
                          },
                          "version": {
                            "type": "bool",
                            "description_kind": "plain",
                            "optional": true,
                            "computed": true
                          },
                          "vlan": {
                            "type": "bool",
                            "description_kind": "plain",
                            "optional": true,
                            "computed": true
                          },
                          "vlan_id": {
                            "type": "bool",
                            "description_kind": "plain",
                            "optional": true,
                            "computed": true
                          }
                        },
                        "description_kind": "plain"
                      }
                    }
                  },
                  "description_kind": "plain"
                }
              }
            },
            "description_kind": "plain"
          }
        },
        "bigip_ltm_pool": {
          "version": 0,
          "block": {
            "attributes": {
              "allow_nat": {
                "type": "string",
                "description": "Specifies whether NATs are automatically enabled or disabled for any connections using this pool.",
                "description_kind": "plain",
                "optional": true,
                "computed": true
              },
              "allow_snat": {
                "type": "string",
                "description": "Specifies whether SNATs are automatically enabled or disabled for any connections using this pool.",
                "description_kind": "plain",
                "optional": true,
                "computed": true
              },
              "description": {
                "type": "string",
                "description": "Specifies descriptive text that identifies the pool.",
                "description_kind": "plain",
                "optional": true
              },
              "id": {
                "type": "string",
                "description_kind": "plain",
                "optional": true,
                "computed": true
              },
              "load_balancing_mode": {
                "type": "string",
                "description": "Specifies the load balancing method. The default is Round Robin.Possible values: round-robin, ...",
                "description_kind": "plain",
                "optional": true,
                "computed": true
              },
              "minimum_active_members": {
                "type": "number",
                "description": "Specifies whether the system load balances traffic according to the priority number assigned to the pool member,Default Value is 0(disabled)",
                "description_kind": "plain",
                "optional": true,
                "computed": true
              },
              "monitors": {
                "type": [
                  "set",
                  "string"
                ],
                "description": "Specifies an association between a health or performance monitor and an entire pool, rather than with individual pool members",
                "description_kind": "plain",
                "optional": true,
                "computed": true
              },
              "name": {
                "type": "string",
                "description": "Name of the pool",
                "description_kind": "plain",
                "required": true
              },
              "reselect_tries": {
                "type": "number",
                "description": "Specifies the number of times the system tries to contact a new pool member after a passive failure.",
                "description_kind": "plain",
                "optional": true,
                "computed": true
              },
              "service_down_action": {
                "type": "string",
                "description": "Specifies how the system should respond when the target pool member becomes unavailable. The default is None, Possible values: [none, reset, reselect, drop]",
                "description_kind": "plain",
                "optional": true,
                "computed": true
              },
              "slow_ramp_time": {
                "type": "number",
                "description": "Specifies the duration during which the system sends less traffic to a newly-enabled pool member.",
                "description_kind": "plain",
                "optional": true,
                "computed": true
              }
            },
            "description_kind": "plain"
          }
        },
        "bigip_ltm_pool_attachment": {
          "version": 0,
          "block": {
            "attributes": {
              "connection_limit": {
                "type": "number",
                "description": "Specifies a maximum established connection limit for a pool member or node. When the current connections count reaches this number, the system does not send additional connections to that pool member or node. The default is 0, meaning that there is no limit to the number of connections. When used with the weighted least connections load balancing methods, the system uses connection limits to determine the proportional load of each pool member or node. This must be a value other than 0 when specified for the weighted least connections load balancing methods",
                "description_kind": "plain",
                "optional": true,
                "computed": true
              },
              "connection_rate_limit": {
                "type": "string",
                "description": "Specifies the maximum number of connections-per-second allowed for a pool member. When the number of connections-per-second reaches the limit for a given pool member, the system drops (UDP) or resets (TCP) additional connection requests. This helps detect Denial of Service attacks, where connection requests flood a pool member. Setting this to 0 turns off connection limits. The default is 0.",
                "description_kind": "plain",
                "optional": true,
                "computed": true
              },
              "dynamic_ratio": {
                "type": "number",
                "description": "Sets the dynamic ratio number for the node. Used for dynamic ratio load balancing. ",
                "description_kind": "plain",
                "optional": true,
                "computed": true
              },
              "fqdn_autopopulate": {
                "type": "string",
                "description": "Specifies whether the node should scale to the IP address set returned by DNS.",
                "description_kind": "plain",
                "optional": true
              },
              "id": {
                "type": "string",
                "description_kind": "plain",
                "optional": true,
                "computed": true
              },
              "monitor": {
                "type": "string",
                "description": "Specifies the health monitors that the system uses to monitor this pool member,value can be `none` (or) `default` (or) list of monitors joined with and ( ex: `/Common/test_monitor_pa_tc1 and /Common/gateway_icmp`)",
                "description_kind": "plain",
                "optional": true,
                "computed": true
              },
              "node": {
                "type": "string",
                "description": "Poolmember to add/remove to/from the pool. Format node_address:port. e.g 1.1.1.1:80",
                "description_kind": "plain",
                "required": true
              },
              "pool": {
                "type": "string",
                "description": "Name of the pool to be attached with pool members",
                "description_kind": "plain",
                "required": true
              },
              "priority_group": {
                "type": "number",
                "description": "Specifies a number representing the priority group for the pool member. The default is 0, meaning that the member has no priority. To specify a priority, you must activate priority group usage when you create a new pool or when adding or removing pool members. When activated, the system load balances traffic according to the priority group number assigned to the pool member. The higher the number, the higher the priority, so a member with a priority of 3 has higher priority than a member with a priority of 1.",
                "description_kind": "plain",
                "optional": true,
                "computed": true
              },
              "ratio": {
                "type": "number",
                "description": "Specifies the ratio weight to assign to the pool member. Valid values range from 1 through 65535. The default is 1, which means that each pool member has an equal ratio proportion.",
                "description_kind": "plain",
                "optional": true,
                "computed": true
              },
              "state": {
                "type": "string",
                "description": "Specifies the state the pool member should be in, value can be `enabled` (or) `disabled` (or) forced_offline",
                "description_kind": "plain",
                "optional": true
              }
            },
            "description_kind": "plain"
          }
        },
        "bigip_ltm_profile_client_ssl": {
          "version": 0,
          "block": {
            "attributes": {
              "alert_timeout": {
                "type": "string",
                "description": "Alert time out",
                "description_kind": "plain",
                "optional": true,
                "computed": true
              },
              "allow_non_ssl": {
                "type": "string",
                "description": "Allow non ssl",
                "description_kind": "plain",
                "optional": true,
                "computed": true
              },
              "authenticate": {
                "type": "string",
                "description": "Server authentication once / always (default is once).",
                "description_kind": "plain",
                "optional": true,
                "computed": true
              },
              "authenticate_depth": {
                "type": "number",
                "description": "Client certificate chain traversal depth.  Default 9.",
                "description_kind": "plain",
                "optional": true,
                "computed": true
              },
              "c3d_client_fallback_cert": {
                "type": "string",
                "description": "Client Fallback Certificate. Default None.",
                "description_kind": "plain",
                "optional": true,
                "computed": true
              },
              "c3d_drop_unknown_ocsp_status": {
                "type": "string",
                "description": "Unknown OCSP Response Control. Default Drop.",
                "description_kind": "plain",
                "optional": true,
                "computed": true
              },
              "c3d_ocsp": {
                "type": "string",
                "description": "OCSP. Default None.",
                "description_kind": "plain",
                "optional": true,
                "computed": true
              },
              "ca_file": {
                "type": "string",
                "description": "Client certificate file path.  Default None.",
                "description_kind": "plain",
                "optional": true,
                "computed": true
              },
              "cache_size": {
                "type": "number",
                "description": "Cache size (sessions).",
                "description_kind": "plain",
                "optional": true,
                "computed": true
              },
              "cache_timeout": {
                "type": "number",
                "description": "Cache time out",
                "description_kind": "plain",
                "optional": true,
                "computed": true
              },
              "cert": {
                "type": "string",
                "description": "Name of the server certificate.",
                "description_kind": "plain",
                "optional": true,
                "computed": true
              },
              "cert_extension_includes": {
                "type": [
                  "set",
                  "string"
                ],
                "description": "Cert extension includes for ssl forward proxy",
                "description_kind": "plain",
                "optional": true,
                "computed": true
              },
              "cert_life_span": {
                "type": "number",
                "description": "Life span of the certificate in days for ssl forward proxy",
                "description_kind": "plain",
                "optional": true,
                "computed": true
              },
              "cert_lookup_by_ipaddr_port": {
                "type": "string",
                "description": "Cert lookup by ip address and port enabled / disabled",
                "description_kind": "plain",
                "optional": true,
                "computed": true
              },
              "chain": {
                "type": "string",
                "description": "Client certificate chain name.",
                "description_kind": "plain",
                "optional": true,
                "computed": true
              },
              "cipher_group": {
                "type": "string",
                "description": "Cipher group for the ssl client profile",
                "description_kind": "plain",
                "optional": true
              },
              "ciphers": {
                "type": "string",
                "description": "BigIP Cipher string.",
                "description_kind": "plain",
                "optional": true,
                "computed": true
              },
              "client_cert_ca": {
                "type": "string",
                "description": "client certificate name",
                "description_kind": "plain",
                "optional": true,
                "computed": true
              },
              "crl_file": {
                "type": "string",
                "description": "Certificate revocation file name",
                "description_kind": "plain",
                "optional": true,
                "computed": true
              },
              "defaults_from": {
                "type": "string",
                "description": "Profile name that this profile defaults from.",
                "description_kind": "plain",
                "optional": true
              },
              "forward_proxy_bypass_default_action": {
                "type": "string",
                "description": "Forward proxy bypass default action. (enabled / disabled)",
                "description_kind": "plain",
                "optional": true,
                "computed": true
              },
              "full_path": {
                "type": "string",
                "description": "full path of the profile",
                "description_kind": "plain",
                "optional": true,
                "computed": true
              },
              "generation": {
                "type": "number",
                "description": "generation",
                "description_kind": "plain",
                "optional": true,
                "computed": true
              },
              "generic_alert": {
                "type": "string",
                "description": "Generic alerts enabled / disabled.",
                "description_kind": "plain",
                "optional": true,
                "computed": true
              },
              "handshake_timeout": {
                "type": "string",
                "description": "Handshake time out (seconds)",
                "description_kind": "plain",
                "optional": true,
                "computed": true
              },
              "id": {
                "type": "string",
                "description_kind": "plain",
                "optional": true,
                "computed": true
              },
              "inherit_cert_keychain": {
                "type": "string",
                "description": "Inherit cert key chain",
                "description_kind": "plain",
                "optional": true,
                "computed": true
              },
              "key": {
                "type": "string",
                "description": "Name of the Server SSL profile key",
                "description_kind": "plain",
                "optional": true,
                "computed": true
              },
              "mod_ssl_methods": {
                "type": "string",
                "description": "ModSSL Methods enabled / disabled.  Default is disabled.",
                "description_kind": "plain",
                "optional": true,
                "computed": true
              },
              "mode": {
                "type": "string",
                "description": "ModSSL Methods enabled / disabled.  Default is disabled.",
                "description_kind": "plain",
                "optional": true,
                "computed": true
              },
              "name": {
                "type": "string",
                "description": "Name of the Ssl Profile",
                "description_kind": "plain",
                "required": true
              },
              "ocsp_stapling": {
                "type": "string",
                "description": "Specifies whether the system uses OCSP stapling.",
                "description_kind": "plain",
                "optional": true
              },
              "partition": {
                "type": "string",
                "description": "name of partition",
                "description_kind": "plain",
                "optional": true,
                "computed": true
              },
              "passphrase": {
                "type": "string",
                "description": "Client Certificate Constrained Delegation CA passphrase",
                "description_kind": "plain",
                "optional": true,
                "computed": true,
                "sensitive": true
              },
              "peer_cert_mode": {
                "type": "string",
                "description": "Peer Cert Mode",
                "description_kind": "plain",
                "optional": true,
                "computed": true
              },
              "proxy_ca_cert": {
                "type": "string",
                "description": "Proxy CA Cert",
                "description_kind": "plain",
                "optional": true,
                "computed": true
              },
              "proxy_ca_key": {
                "type": "string",
                "description": "Proxy CA Key",
                "description_kind": "plain",
                "optional": true,
                "computed": true
              },
              "proxy_ca_passphrase": {
                "type": "string",
                "description": "Proxy CA Passphrase",
                "description_kind": "plain",
                "optional": true,
                "computed": true
              },
              "proxy_ssl": {
                "type": "string",
                "description": "Proxy SSL enabled / disabled.  Default is disabled.",
                "description_kind": "plain",
                "optional": true,
                "computed": true
              },
              "proxy_ssl_passthrough": {
                "type": "string",
                "description": "Proxy SSL passthrough enabled / disabled.  Default is disabled.",
                "description_kind": "plain",
                "optional": true,
                "computed": true
              },
              "renegotiate_period": {
                "type": "string",
                "description": "Renogotiate Period (seconds)",
                "description_kind": "plain",
                "optional": true,
                "computed": true
              },
              "renegotiate_size": {
                "type": "string",
                "description": "Renogotiate Size",
                "description_kind": "plain",
                "optional": true,
                "computed": true
              },
              "renegotiation": {
                "type": "string",
                "description": "Renegotiation (enabled / disabled)",
                "description_kind": "plain",
                "optional": true,
                "computed": true
              },
              "retain_certificate": {
                "type": "string",
                "description": "Retain certificate.",
                "description_kind": "plain",
                "optional": true,
                "computed": true
              },
              "secure_renegotiation": {
                "type": "string",
                "description": "Secure reneogotiaton (request / require / require-strict).",
                "description_kind": "plain",
                "optional": true,
                "computed": true
              },
              "server_name": {
                "type": "string",
                "description": "Server name",
                "description_kind": "plain",
                "optional": true,
                "computed": true
              },
              "session_mirroring": {
                "type": "string",
                "description": "Session Mirroring (enabled / disabled)",
                "description_kind": "plain",
                "optional": true,
                "computed": true
              },
              "session_ticket": {
                "type": "string",
                "description": "Session Ticket (enabled / disabled)",
                "description_kind": "plain",
                "optional": true,
                "computed": true
              },
              "sni_default": {
                "type": "string",
                "description": "SNI Default (true / false)",
                "description_kind": "plain",
                "optional": true,
                "computed": true
              },
              "sni_require": {
                "type": "string",
                "description": "SNI Require (true / false)",
                "description_kind": "plain",
                "optional": true,
                "computed": true
              },
              "ssl_c3d": {
                "type": "string",
                "description": "Client Certificate Constrained Delegation enabled / disabled.  Default is disabled.",
                "description_kind": "plain",
                "optional": true,
                "computed": true
              },
              "ssl_forward_proxy": {
                "type": "string",
                "description": "SSL forward Proxy (enabled / disabled)",
                "description_kind": "plain",
                "optional": true,
                "computed": true
              },
              "ssl_forward_proxy_bypass": {
                "type": "string",
                "description": "SSL forward Proxy Bypass (enabled / disabled)",
                "description_kind": "plain",
                "optional": true,
                "computed": true
              },
              "ssl_sign_hash": {
                "type": "string",
                "description": "SSL sign hash (any, sha1, sha256, sha384)",
                "description_kind": "plain",
                "optional": true,
                "computed": true
              },
              "strict_resume": {
                "type": "string",
                "description": "Strict Resume (enabled / disabled)",
                "description_kind": "plain",
                "optional": true,
                "computed": true
              },
              "tm_options": {
                "type": [
                  "set",
                  "string"
                ],
                "description_kind": "plain",
                "optional": true,
                "computed": true
              },
              "unclean_shutdown": {
                "type": "string",
                "description": "Unclean Shutdown (enabled / disabled)",
                "description_kind": "plain",
                "optional": true,
                "computed": true
              }
            },
            "block_types": {
              "cert_key_chain": {
                "nesting_mode": "list",
                "block": {
                  "attributes": {
                    "cert": {
                      "type": "string",
                      "description": "Cert file name",
                      "description_kind": "plain",
                      "optional": true
                    },
                    "chain": {
                      "type": "string",
                      "description": "Chain file name",
                      "description_kind": "plain",
                      "optional": true
                    },
                    "key": {
                      "type": "string",
                      "description": "Key filename",
                      "description_kind": "plain",
                      "optional": true
                    },
                    "name": {
                      "type": "string",
                      "description": "Name",
                      "description_kind": "plain",
                      "optional": true
                    },
                    "passphrase": {
                      "type": "string",
                      "description": "Key passphrase",
                      "description_kind": "plain",
                      "optional": true,
                      "computed": true,
                      "sensitive": true
                    }
                  },
                  "description_kind": "plain",
                  "deprecated": true
                },
                "max_items": 1
              }
            },
            "description_kind": "plain"
          }
        },
        "bigip_ltm_profile_fasthttp": {
          "version": 0,
          "block": {
            "attributes": {
              "connpool_maxreuse": {
                "type": "number",
                "description": "connpool_maxreuse timer",
                "description_kind": "plain",
                "optional": true,
                "computed": true
              },
              "connpool_maxsize": {
                "type": "number",
                "description": "timer integer",
                "description_kind": "plain",
                "optional": true,
                "computed": true
              },
              "connpool_minsize": {
                "type": "number",
                "description": "Pool min size",
                "description_kind": "plain",
                "optional": true,
                "computed": true
              },
              "connpool_replenish": {
                "type": "string",
                "description": "enabled or disabled",
                "description_kind": "plain",
                "optional": true,
                "computed": true
              },
              "connpool_step": {
                "type": "number",
                "description": "integer value",
                "description_kind": "plain",
                "optional": true,
                "computed": true
              },
              "connpoolidle_timeoutoverride": {
                "type": "number",
                "description": "idle_timeout can be given value",
                "description_kind": "plain",
                "optional": true,
                "computed": true
              },
              "defaults_from": {
                "type": "string",
                "description": "Use the parent Fasthttp profile",
                "description_kind": "plain",
                "optional": true
              },
              "forcehttp_10response": {
                "type": "string",
                "description": "disabled or enabled ",
                "description_kind": "plain",
                "optional": true,
                "computed": true
              },
              "id": {
                "type": "string",
                "description_kind": "plain",
                "optional": true,
                "computed": true
              },
              "idle_timeout": {
                "type": "number",
                "description": "integer value",
                "description_kind": "plain",
                "optional": true,
                "computed": true
              },
              "maxheader_size": {
                "type": "number",
                "description": "integer value",
                "description_kind": "plain",
                "optional": true,
                "computed": true
              },
              "name": {
                "type": "string",
                "description": "Name of the Fasthttp Profile",
                "description_kind": "plain",
                "required": true
              }
            },
            "description_kind": "plain"
          }
        },
        "bigip_ltm_profile_fastl4": {
          "version": 0,
          "block": {
            "attributes": {
              "client_timeout": {
                "type": "number",
                "description": "Number of seconds allowed for a client to transmit enough data to select a server when you have late binding enabled. Value -1 means indefinite (not recommended)",
                "description_kind": "plain",
                "optional": true,
                "computed": true
              },
              "defaults_from": {
                "type": "string",
                "description": "Use the parent Fastl4 profile",
                "description_kind": "plain",
                "optional": true,
                "computed": true
              },
              "explicitflow_migration": {
                "type": "string",
                "description": "Specifies whether a qualified late-binding connection requires an explicit iRule command to migrate down to ePVA hardware. The default is disabled",
                "description_kind": "plain",
                "optional": true,
                "computed": true
              },
              "hardware_syncookie": {
                "type": "string",
                "description": "Use the parent Fastl4 profile",
                "description_kind": "plain",
                "optional": true,
                "computed": true
              },
              "id": {
                "type": "string",
                "description_kind": "plain",
                "optional": true,
                "computed": true
              },
              "idle_timeout": {
                "type": "string",
                "description": "Number of seconds (default 300; may not be 0) connection may remain idle before it becomes eligible for deletion. Value -1 (not recommended) means infinite",
                "description_kind": "plain",
                "optional": true,
                "computed": true
              },
              "iptos_toclient": {
                "type": "string",
                "description": "Use the parent Fastl4 profile",
                "description_kind": "plain",
                "optional": true,
                "computed": true
              },
              "iptos_toserver": {
                "type": "string",
                "description": "Use the parent Fastl4 profile",
                "description_kind": "plain",
                "optional": true,
                "computed": true
              },
              "keepalive_interval": {
                "type": "string",
                "description": "Specifies the keep-alive probe interval, in seconds. The default is Disabled",
                "description_kind": "plain",
                "optional": true,
                "computed": true
              },
              "late_binding": {
                "type": "string",
                "description": "Enables intelligent selection of a back-end server or pool, using an iRule to make the selection. The default is disabled",
                "description_kind": "plain",
                "optional": true,
                "computed": true
              },
              "loose_close": {
                "type": "string",
                "description": "Specifies, when checked (enabled), that the system closes a loosely-initiated connection when the system receives the first FIN packet from either the client or the server. The default is disabled.",
                "description_kind": "plain",
                "optional": true,
                "computed": true
              },
              "loose_initiation": {
                "type": "string",
                "description": "Specifies, when checked (enabled), that the system initializes a connection when it receives any TCP packet, rather that requiring a SYN packet for connection initiation. The default is disabled. We recommend that if you enable the Loose Initiation option, you also enable the Loose Close option.",
                "description_kind": "plain",
                "optional": true,
                "computed": true
              },
              "name": {
                "type": "string",
                "description": "Name of the Fastl4 Profile",
                "description_kind": "plain",
                "required": true
              },
              "partition": {
                "type": "string",
                "description": "name of partition",
                "description_kind": "plain",
                "optional": true,
                "computed": true
              },
              "receive_windowsize": {
                "type": "number",
                "description": "Specifies the amount of data the BIG-IP system can accept without acknowledging the server. The default is 0 (zero)",
                "description_kind": "plain",
                "optional": true,
                "computed": true
              },
              "tcp_handshake_timeout": {
                "type": "string",
                "description": "Specifies the acceptable duration for a TCP handshake, that is, the maximum idle time between a client synchronization (SYN) and a client acknowledgment (ACK).The default is 5 seconds",
                "description_kind": "plain",
                "optional": true,
                "computed": true
              }
            },
            "description_kind": "plain"
          }
        },
        "bigip_ltm_profile_ftp": {
          "version": 0,
          "block": {
            "attributes": {
              "allow_active_mode": {
                "type": "string",
                "description": "Specifies, when selected (enabled), that the system allows FTP Active Transfer mode. The default value is enabled.",
                "description_kind": "plain",
                "optional": true
              },
              "allow_ftps": {
                "type": "string",
                "description": "Allows explicit FTPS negotiation",
                "description_kind": "plain",
                "optional": true
              },
              "app_service": {
                "type": "string",
                "description": "The application service to which the object belongs.",
                "description_kind": "plain",
                "optional": true
              },
              "defaults_from": {
                "type": "string",
                "description": "Use the parent ftp profile",
                "description_kind": "plain",
                "optional": true,
                "computed": true
              },
              "description": {
                "type": "string",
                "description": "User defined description",
                "description_kind": "plain",
                "optional": true
              },
              "enforce_tlssession_reuse": {
                "type": "string",
                "description": "Specifies, when selected (enabled), that the system enforces the data connection to reuse a TLS session. The default value is unchecked (disabled).",
                "description_kind": "plain",
                "optional": true
              },
              "ftps_mode": {
                "type": "string",
                "description": "Allows explicit FTPS negotiation",
                "description_kind": "plain",
                "optional": true
              },
              "id": {
                "type": "string",
                "description_kind": "plain",
                "optional": true,
                "computed": true
              },
              "inherit_parent_profile": {
                "type": "string",
                "description": "Enables the FTP data channel to inherit the TCP profile used by the control channel.If disabled,the data channel uses FastL4 only.",
                "description_kind": "plain",
                "optional": true
              },
              "inherit_vlan_list": {
                "type": "string",
                "description": "inherent vlan list",
                "description_kind": "plain",
                "optional": true
              },
              "log_profile": {
                "type": "string",
                "description": "Configures the ALG log profile that controls logging",
                "description_kind": "plain",
                "optional": true,
                "computed": true
              },
              "log_publisher": {
                "type": "string",
                "description": "Configures the log publisher that handles events logging for this profile",
                "description_kind": "plain",
                "optional": true,
                "computed": true
              },
              "name": {
                "type": "string",
                "description": "Name of the FTP Profile",
                "description_kind": "plain",
                "required": true
              },
              "partition": {
                "type": "string",
                "description": "name of partition",
                "description_kind": "plain",
                "optional": true,
                "computed": true
              },
              "port": {
                "type": "number",
                "description": "Specifies a service for the data channel port used for this FTP profile. The default port is ftp-data.",
                "description_kind": "plain",
                "optional": true
              },
              "security": {
                "type": "string",
                "description": "Enables secure FTP traffic for the BIG-IP Application Security Manager. You can set the security option only if the system is licensed for the BIG-IP Application Security Manager. The default value is disabled.",
                "description_kind": "plain",
                "optional": true,
                "computed": true
              },
              "translate_extended": {
                "type": "string",
                "description": "This setting is enabled by default, and thus, automatically translates RFC 2428 extended requests EPSV and EPRT to PASV and PORT when communicating with IPv4 servers.",
                "description_kind": "plain",
                "optional": true
              }
            },
            "description_kind": "plain"
          }
        },
        "bigip_ltm_profile_http": {
          "version": 0,
          "block": {
            "attributes": {
              "accept_xff": {
                "type": "string",
                "description": "Enables or disables trusting the client IP address, and statistics from the client IP address, based on the request's XFF (X-forwarded-for) headers, if they exist.",
                "description_kind": "plain",
                "optional": true,
                "computed": true
              },
              "app_service": {
                "type": "string",
                "description": "The application service to which the object belongs.",
                "description_kind": "plain",
                "optional": true
              },
              "basic_auth_realm": {
                "type": "string",
                "description": "Specifies a quoted string for the basic authentication realm. The system sends this string to a client whenever authorization fails. The default value is none",
                "description_kind": "plain",
                "optional": true,
                "computed": true
              },
              "defaults_from": {
                "type": "string",
                "description": "Inherit defaults from parent profile",
                "description_kind": "plain",
                "optional": true,
                "computed": true
              },
              "description": {
                "type": "string",
                "description": "User defined description",
                "description_kind": "plain",
                "optional": true,
                "computed": true
              },
              "encrypt_cookie_secret": {
                "type": "string",
                "description": "Specifies a passphrase for the cookie encryption",
                "description_kind": "plain",
                "optional": true
              },
              "encrypt_cookies": {
                "type": [
                  "set",
                  "string"
                ],
                "description": "Encrypts specified cookies that the BIG-IP system sends to a client system",
                "description_kind": "plain",
                "optional": true
              },
              "fallback_host": {
                "type": "string",
                "description": "Specifies an HTTP fallback host. HTTP redirection allows you to redirect HTTP traffic to another protocol identifier, host name, port number, or URI path.",
                "description_kind": "plain",
                "optional": true,
                "computed": true
              },
              "fallback_status_codes": {
                "type": [
                  "set",
                  "string"
                ],
                "description": "Specifies one or more three-digit status codes that can be returned by an HTTP server,that should trigger a redirection to the fallback host",
                "description_kind": "plain",
                "optional": true
              },
              "head_erase": {
                "type": "string",
                "description": "Specifies the header string that you want to erase from an HTTP request. Default is none",
                "description_kind": "plain",
                "optional": true,
                "computed": true
              },
              "head_insert": {
                "type": "string",
                "description": "Specifies a quoted header string that you want to insert into an HTTP request. Default is none",
                "description_kind": "plain",
                "optional": true,
                "computed": true
              },
              "id": {
                "type": "string",
                "description_kind": "plain",
                "optional": true,
                "computed": true
              },
              "insert_xforwarded_for": {
                "type": "string",
                "description": "Specifies, when enabled, that the system inserts an X-Forwarded-For header in an HTTP request with the client IP address, to use with connection pooling. The default is Disabled.",
                "description_kind": "plain",
                "optional": true,
                "computed": true
              },
              "lws_separator": {
                "type": "string",
                "description": "Specifies the linear white space (LWS) separator that the system inserts when a header exceeds the maximum width you specify in the LWS Maximum Columns setting.",
                "description_kind": "plain",
                "optional": true,
                "computed": true
              },
              "lws_width": {
                "type": "number",
                "description": "Specifies the maximum column width for any given line, when inserting an HTTP header in an HTTP request. The default is 80",
                "description_kind": "plain",
                "optional": true,
                "computed": true
              },
              "name": {
                "type": "string",
                "description": "Name of the profile",
                "description_kind": "plain",
                "required": true
              },
              "oneconnect_transformations": {
                "type": "string",
                "description": "Enables the system to perform HTTP header transformations for the purpose of keeping server-side connections open. This feature requires configuration of a OneConnect profile.",
                "description_kind": "plain",
                "optional": true,
                "computed": true
              },
              "proxy_type": {
                "type": "string",
                "description": "Specifies the proxy mode for this profile: reverse, explicit, or transparent. The default is Reverse.",
                "description_kind": "plain",
                "optional": true,
                "computed": true
              },
              "redirect_rewrite": {
                "type": "string",
                "description": "Specifies whether the system rewrites the URIs that are part of HTTP redirect (3XX) responses. The default is None",
                "description_kind": "plain",
                "optional": true,
                "computed": true
              },
              "request_chunking": {
                "type": "string",
                "description": "Specifies how the system handles HTTP content that is chunked by a client. The default is Preserve",
                "description_kind": "plain",
                "optional": true,
                "computed": true
              },
              "response_chunking": {
                "type": "string",
                "description": "Specifies how the system handles HTTP content that is chunked by a server. The default is Selective",
                "description_kind": "plain",
                "optional": true,
                "computed": true
              },
              "response_headers_permitted": {
                "type": [
                  "set",
                  "string"
                ],
                "description": "Specifies headers that the BIG-IP system allows in an HTTP response.If you are specifying more than one header, separate the headers with a blank space",
                "description_kind": "plain",
                "optional": true,
                "computed": true
              },
              "server_agent_name": {
                "type": "string",
                "description": "Specifies the value of the Server header in responses that the BIG-IP itself generates. The default is BigIP. If no string is specified, then no Server header will be added to such responses",
                "description_kind": "plain",
                "optional": true,
                "computed": true
              },
              "tm_partition": {
                "type": "string",
                "description": "Displays the administrative partition within which this profile resides. ",
                "description_kind": "plain",
                "optional": true
              },
              "via_host_name": {
                "type": "string",
                "description": "Specifies the hostname to include into Via header",
                "description_kind": "plain",
                "optional": true,
                "computed": true
              },
              "via_request": {
                "type": "string",
                "description": "Specifies whether to append, remove, or preserve a Via header in an HTTP request",
                "description_kind": "plain",
                "optional": true,
                "computed": true
              },
              "via_response": {
                "type": "string",
                "description": "Specifies whether to append, remove, or preserve a Via header in an HTTP request",
                "description_kind": "plain",
                "optional": true,
                "computed": true
              },
              "xff_alternative_names": {
                "type": [
                  "set",
                  "string"
                ],
                "description": "Specifies alternative XFF headers instead of the default X-forwarded-for header",
                "description_kind": "plain",
                "optional": true,
                "computed": true
              }
            },
            "block_types": {
              "enforcement": {
                "nesting_mode": "set",
                "block": {
                  "attributes": {
                    "known_methods": {
                      "type": [
                        "list",
                        "string"
                      ],
                      "description": "Specifies which HTTP methods count as being known. Removing RFC-defined methods from this list will cause the HTTP filter to not recognize them.",
                      "description_kind": "plain",
                      "optional": true,
                      "computed": true
                    },
                    "max_header_count": {
                      "type": "number",
                      "description": "Specifies the maximum number of headers allowed in HTTP request/response.",
                      "description_kind": "plain",
                      "optional": true
                    },
                    "max_header_size": {
                      "type": "number",
                      "description": "Specifies the maximum header size.",
                      "description_kind": "plain",
                      "optional": true
                    },
                    "unknown_method": {
                      "type": "string",
                      "description": "Specifies whether to allow, reject or switch to pass-through mode when an unknown HTTP method is parsed.",
                      "description_kind": "plain",
                      "optional": true
                    }
                  },
                  "description_kind": "plain"
                }
              },
              "http_strict_transport_security": {
                "nesting_mode": "set",
                "block": {
                  "attributes": {
                    "include_subdomains": {
                      "type": "string",
                      "description": "Specifies whether to include the includeSubdomains directive in the HSTS header.",
                      "description_kind": "plain",
                      "optional": true
                    },
                    "maximum_age": {
                      "type": "number",
                      "description": "Specifies the maximum age to assume the connection should remain secure.",
                      "description_kind": "plain",
                      "optional": true
                    },
                    "mode": {
                      "type": "string",
                      "description": "Specifies whether to include the HSTS response header.",
                      "description_kind": "plain",
                      "optional": true
                    },
                    "preload": {
                      "type": "string",
                      "description": "Specifies whether to include the preload directive in the HSTS header.",
                      "description_kind": "plain",
                      "optional": true
                    }
                  },
                  "description_kind": "plain"
                }
              }
            },
            "description_kind": "plain"
          }
        },
        "bigip_ltm_profile_http2": {
          "version": 0,
          "block": {
            "attributes": {
              "activation_modes": {
                "type": [
                  "set",
                  "string"
                ],
                "description": "Specifies whether to enable all HTTP/2 modes, or only enable the Selected Modes listed in the Enabled column",
                "description_kind": "plain",
                "optional": true,
                "computed": true
              },
              "concurrent_streams_per_connection": {
                "type": "number",
                "description": "Specifies the number of outstanding concurrent requests that are allowed on a single HTTP/2 connection. The default is 10",
                "description_kind": "plain",
                "optional": true,
                "computed": true
              },
              "connection_idle_timeout": {
                "type": "number",
                "description": "Specifies the number of seconds that an HTTP/2 connection is idly left open before being shut down. The default is 300 seconds",
                "description_kind": "plain",
                "optional": true,
                "computed": true
              },
              "defaults_from": {
                "type": "string",
                "description": "Name of Parent Http2 profile",
                "description_kind": "plain",
                "optional": true,
                "computed": true
              },
              "enforce_tls_requirements": {
                "type": "string",
                "description": "Enable or disable enforcement of TLS requirements,Default:enabled",
                "description_kind": "plain",
                "optional": true,
                "computed": true
              },
              "frame_size": {
                "type": "number",
                "description": "The size of the data frames, in bytes, that the HTTP/2 protocol sends to the client. Default: 2048",
                "description_kind": "plain",
                "optional": true,
                "computed": true
              },
              "header_table_size": {
                "type": "number",
                "description": "The size of the header table, in KB, for the HTTP headers that the HTTP/2 protocol compresses to save bandwidth.Default: 4096",
                "description_kind": "plain",
                "optional": true,
                "computed": true
              },
              "id": {
                "type": "string",
                "description_kind": "plain",
                "optional": true,
                "computed": true
              },
              "include_content_length": {
                "type": "string",
                "description": "Enable to include content-length in HTTP/2 headers,Default : disabled",
                "description_kind": "plain",
                "optional": true,
                "computed": true
              },
              "insert_header": {
                "type": "string",
                "description": "Specifies whether an HTTP header indicating the use of HTTP/2 should be inserted into the request that goes to the server. The default value is Disabled",
                "description_kind": "plain",
                "optional": true,
                "computed": true
              },
              "insert_header_name": {
                "type": "string",
                "description": "Specifies the name of the HTTP header controlled by Insert Header. The default X-HTTP2.",
                "description_kind": "plain",
                "optional": true,
                "computed": true
              },
              "name": {
                "type": "string",
                "description": "Name of the Http2 Profile",
                "description_kind": "plain",
                "required": true
              },
              "receive_window": {
                "type": "number",
                "description": "The flow-control size for upload streams, in KB. Default: 32",
                "description_kind": "plain",
                "optional": true,
                "computed": true
              },
              "write_size": {
                "type": "number",
                "description": "The total size of combined data frames, in bytes, that the HTTP/2 protocol sends in a single write function. Default: 16384",
                "description_kind": "plain",
                "optional": true,
                "computed": true
              }
            },
            "description_kind": "plain"
          }
        },
        "bigip_ltm_profile_httpcompress": {
          "version": 0,
          "block": {
            "attributes": {
              "compression_buffersize": {
                "type": "number",
                "description": "Specifies the maximum number of compressed bytes that the system buffers before inserting a Content-Length header (which specifies the compressed size) into the response. The default is 4096 bytes.",
                "description_kind": "plain",
                "optional": true,
                "computed": true
              },
              "content_type_exclude": {
                "type": [
                  "set",
                  "string"
                ],
                "description": "Specifies a list of content types for compression of HTTP Content-Type responses. Use a string list to specify a list of content types you want to exclude.",
                "description_kind": "plain",
                "optional": true,
                "computed": true
              },
              "content_type_include": {
                "type": [
                  "set",
                  "string"
                ],
                "description": "Specifies a list of content types for compression of HTTP Content-Type responses. Use a string list to specify a list of content types you want to compress.",
                "description_kind": "plain",
                "optional": true,
                "computed": true
              },
              "cpu_saver": {
                "type": "string",
                "description": "Specifies, when checked (enabled), that the system monitors the percent CPU usage and adjusts compression rates automatically when the CPU usage reaches either the CPU Saver High Threshold or the CPU Saver Low Threshold. The default is enabled",
                "description_kind": "plain",
                "optional": true,
                "computed": true
              },
              "defaults_from": {
                "type": "string",
                "description": "Use the parent Httpcompress profile",
                "description_kind": "plain",
                "optional": true,
                "computed": true
              },
              "gzip_compression_level": {
                "type": "number",
                "description": "Specifies the degree to which the system compresses the content. Higher compression levels cause the compression process to be slower. The default is 1 - Least Compression (Fastest)",
                "description_kind": "plain",
                "optional": true,
                "computed": true
              },
              "gzip_memory_level": {
                "type": "number",
                "description": "Specifies the number of bytes of memory that the system uses for internal compression buffers when compressing a server response. The default is 8 kilobytes/8192 bytes.",
                "description_kind": "plain",
                "optional": true,
                "computed": true
              },
              "gzip_window_size": {
                "type": "number",
                "description": "Specifies the number of kilobytes in the window size that the system uses when compressing a server response. The default is 16 kilobytes",
                "description_kind": "plain",
                "optional": true,
                "computed": true
              },
              "id": {
                "type": "string",
                "description_kind": "plain",
                "optional": true,
                "computed": true
              },
              "keep_accept_encoding": {
                "type": "string",
                "description": "Specifies, when checked (enabled), that the system does not remove the Accept-Encoding: header from an HTTP request. The default is disabled.",
                "description_kind": "plain",
                "optional": true,
                "computed": true
              },
              "name": {
                "type": "string",
                "description": "Name of the Httpcompress Profile",
                "description_kind": "plain",
                "required": true
              },
              "uri_exclude": {
                "type": [
                  "set",
                  "string"
                ],
                "description": "Servers Address",
                "description_kind": "plain",
                "optional": true,
                "computed": true
              },
              "uri_include": {
                "type": [
                  "set",
                  "string"
                ],
                "description": "Servers Address",
                "description_kind": "plain",
                "optional": true,
                "computed": true
              },
              "vary_header": {
                "type": "string",
                "description": "Specifies, when checked (enabled), that the system inserts a Vary header into cacheable server responses. The default is enabled.",
                "description_kind": "plain",
                "optional": true,
                "computed": true
              }
            },
            "description_kind": "plain"
          }
        },
        "bigip_ltm_profile_oneconnect": {
          "version": 0,
          "block": {
            "attributes": {
              "defaults_from": {
                "type": "string",
                "description": "Use the parent oneconnect profile",
                "description_kind": "plain",
                "optional": true,
                "computed": true
              },
              "id": {
                "type": "string",
                "description_kind": "plain",
                "optional": true,
                "computed": true
              },
              "idle_timeout_override": {
                "type": "string",
                "description": "idleTimeoutOverride can be enabled or disabled",
                "description_kind": "plain",
                "optional": true,
                "computed": true
              },
              "limit_type": {
                "type": "string",
                "description": "Controls how connection limits are enforced in conjunction with OneConnect. The default is None. Supported Values: [None,idle,strict]",
                "description_kind": "plain",
                "optional": true,
                "computed": true
              },
              "max_age": {
                "type": "number",
                "description": "max_age has integer value typical 3600 sec",
                "description_kind": "plain",
                "optional": true,
                "computed": true
              },
              "max_reuse": {
                "type": "number",
                "description": "max_reuse has integer value typical 1000 sec",
                "description_kind": "plain",
                "optional": true,
                "computed": true
              },
              "max_size": {
                "type": "number",
                "description": "max_size has integer value typical 1000 sec",
                "description_kind": "plain",
                "optional": true,
                "computed": true
              },
              "name": {
                "type": "string",
                "description": "Name of the Oneconnect Profile",
                "description_kind": "plain",
                "required": true
              },
              "partition": {
                "type": "string",
                "description": "name of partition",
                "description_kind": "plain",
                "optional": true,
                "computed": true
              },
              "share_pools": {
                "type": "string",
                "description": "sharePools can be enabled or disabled",
                "description_kind": "plain",
                "optional": true,
                "computed": true
              },
              "source_mask": {
                "type": "string",
                "description": "source_mask can be 255.255.255.255",
                "description_kind": "plain",
                "optional": true,
                "computed": true
              }
            },
            "description_kind": "plain"
          }
        },
        "bigip_ltm_profile_server_ssl": {
          "version": 0,
          "block": {
            "attributes": {
              "alert_timeout": {
                "type": "string",
                "description": "Alert time out",
                "description_kind": "plain",
                "optional": true,
                "computed": true
              },
              "authenticate": {
                "type": "string",
                "description": "Server authentication once / always (default is once).",
                "description_kind": "plain",
                "optional": true,
                "computed": true
              },
              "authenticate_depth": {
                "type": "number",
                "description": "Client certificate chain traversal depth.  Default 9.",
                "description_kind": "plain",
                "optional": true,
                "computed": true
              },
              "c3d_ca_cert": {
                "type": "string",
                "description": "CA Certificate. Default none.",
                "description_kind": "plain",
                "optional": true
              },
              "c3d_ca_key": {
                "type": "string",
                "description": "CA Key.  Default none.",
                "description_kind": "plain",
                "optional": true
              },
              "c3d_ca_passphrase": {
                "type": "string",
                "description": "CA Passphrase. Default",
                "description_kind": "plain",
                "optional": true,
                "computed": true
              },
              "c3d_cert_extension_custom_oids": {
                "type": [
                  "list",
                  "string"
                ],
                "description": "Certificate Extensions List.  Default",
                "description_kind": "plain",
                "optional": true
              },
              "c3d_cert_extension_includes": {
                "type": [
                  "list",
                  "string"
                ],
                "description": "Certificate Extensions Includes. Default Extensions List",
                "description_kind": "plain",
                "optional": true
              },
              "c3d_cert_lifespan": {
                "type": "number",
                "description": "Certificate Lifespan.  Default",
                "description_kind": "plain",
                "optional": true,
                "computed": true
              },
              "c3d_certificate_extensions": {
                "type": "string",
                "description": "CA Passphrase. Default enabled",
                "description_kind": "plain",
                "optional": true,
                "computed": true
              },
              "ca_file": {
                "type": "string",
                "description": "Client certificate file path.  Default None.",
                "description_kind": "plain",
                "optional": true,
                "computed": true
              },
              "cache_size": {
                "type": "number",
                "description": "Cache size (sessions).",
                "description_kind": "plain",
                "optional": true,
                "computed": true
              },
              "cache_timeout": {
                "type": "number",
                "description": "Cache time out",
                "description_kind": "plain",
                "optional": true,
                "computed": true
              },
              "cert": {
                "type": "string",
                "description": "Name of the server certificate.",
                "description_kind": "plain",
                "optional": true
              },
              "chain": {
                "type": "string",
                "description": "Server certificate chain name.",
                "description_kind": "plain",
                "optional": true
              },
              "cipher_group": {
                "type": "string",
                "description": "Cipher group for the ssl server profile",
                "description_kind": "plain",
                "optional": true
              },
              "ciphers": {
                "type": "string",
                "description": "BigIP Cipher string.",
                "description_kind": "plain",
                "optional": true,
                "computed": true
              },
              "defaults_from": {
                "type": "string",
                "description": "Profile name that this profile defaults from.",
                "description_kind": "plain",
                "optional": true
              },
              "expire_cert_response_control": {
                "type": "string",
                "description": "Response if the cert is expired (drop / ignore). ",
                "description_kind": "plain",
                "optional": true,
                "computed": true
              },
              "full_path": {
                "type": "string",
                "description": "full path of the profile",
                "description_kind": "plain",
                "optional": true,
                "computed": true
              },
              "generation": {
                "type": "number",
                "description": "generation",
                "description_kind": "plain",
                "optional": true,
                "computed": true
              },
              "generic_alert": {
                "type": "string",
                "description": "Generic alerts enabled / disabled.",
                "description_kind": "plain",
                "optional": true,
                "computed": true
              },
              "handshake_timeout": {
                "type": "string",
                "description": "Handshake time out (seconds)",
                "description_kind": "plain",
                "optional": true,
                "computed": true
              },
              "id": {
                "type": "string",
                "description_kind": "plain",
                "optional": true,
                "computed": true
              },
              "key": {
                "type": "string",
                "description": "Name of the Server SSL profile key",
                "description_kind": "plain",
                "optional": true
              },
              "mod_ssl_methods": {
                "type": "string",
                "description": "ModSSL Methods enabled / disabled.  Default is disabled.",
                "description_kind": "plain",
                "optional": true,
                "computed": true
              },
              "mode": {
                "type": "string",
                "description": "ModSSL Methods enabled / disabled.  Default is disabled.",
                "description_kind": "plain",
                "optional": true,
                "computed": true
              },
              "name": {
                "type": "string",
                "description": "Name of the Ssl Profile",
                "description_kind": "plain",
                "required": true
              },
              "partition": {
                "type": "string",
                "description": "name of partition",
                "description_kind": "plain",
                "optional": true,
                "computed": true
              },
              "passphrase": {
                "type": "string",
                "description": "Client Certificate Constrained Delegation CA passphrase",
                "description_kind": "plain",
                "optional": true,
                "computed": true,
                "sensitive": true
              },
              "peer_cert_mode": {
                "type": "string",
                "description": "Peer Cert Mode",
                "description_kind": "plain",
                "optional": true,
                "computed": true
              },
              "proxy_ca_cert": {
                "type": "string",
                "description": "Proxy CA Cert",
                "description_kind": "plain",
                "optional": true,
                "computed": true
              },
              "proxy_ca_key": {
                "type": "string",
                "description": "Proxy CA Key",
                "description_kind": "plain",
                "optional": true,
                "computed": true
              },
              "proxy_ssl": {
                "type": "string",
                "description": "Proxy SSL enabled / disabled.  Default is disabled.",
                "description_kind": "plain",
                "optional": true,
                "computed": true
              },
              "renegotiate_period": {
                "type": "string",
                "description": "Renogotiate Period (seconds)",
                "description_kind": "plain",
                "optional": true,
                "computed": true
              },
              "renegotiate_size": {
                "type": "string",
                "description": "Renogotiate Size",
                "description_kind": "plain",
                "optional": true,
                "computed": true
              },
              "renegotiation": {
                "type": "string",
                "description": "Renegotiation (enabled / disabled)",
                "description_kind": "plain",
                "optional": true,
                "computed": true
              },
              "retain_certificate": {
                "type": "string",
                "description": "Retain certificate.",
                "description_kind": "plain",
                "optional": true,
                "computed": true
              },
              "secure_renegotiation": {
                "type": "string",
                "description": "Secure reneogotiaton (request / require / require-strict).",
                "description_kind": "plain",
                "optional": true,
                "computed": true
              },
              "server_name": {
                "type": "string",
                "description": "Server name",
                "description_kind": "plain",
                "optional": true,
                "computed": true
              },
              "session_mirroring": {
                "type": "string",
                "description": "Session Mirroring (enabled / disabled)",
                "description_kind": "plain",
                "optional": true,
                "computed": true
              },
              "session_ticket": {
                "type": "string",
                "description": "Session Ticket (enabled / disabled)",
                "description_kind": "plain",
                "optional": true,
                "computed": true
              },
              "sni_default": {
                "type": "string",
                "description": "SNI Default (true / false)",
                "description_kind": "plain",
                "optional": true,
                "computed": true
              },
              "sni_require": {
                "type": "string",
                "description": "SNI Require (true / false)",
                "description_kind": "plain",
                "optional": true,
                "computed": true
              },
              "ssl_c3d": {
                "type": "string",
                "description": "Client Certificate Constrained Delegation. Default disabled",
                "description_kind": "plain",
                "optional": true
              },
              "ssl_forward_proxy": {
                "type": "string",
                "description": "SSL forward Proxy (enabled / disabled)",
                "description_kind": "plain",
                "optional": true,
                "computed": true
              },
              "ssl_forward_proxy_bypass": {
                "type": "string",
                "description": "SSL forward Proxy Bypass (enabled / disabled)",
                "description_kind": "plain",
                "optional": true,
                "computed": true
              },
              "ssl_sign_hash": {
                "type": "string",
                "description": "SSL sign hash (any, sha1, sha256, sha384)",
                "description_kind": "plain",
                "optional": true,
                "computed": true
              },
              "strict_resume": {
                "type": "string",
                "description": "Strict Resume (enabled / disabled)",
                "description_kind": "plain",
                "optional": true,
                "computed": true
              },
              "tm_options": {
                "type": [
                  "set",
                  "string"
                ],
                "description_kind": "plain",
                "optional": true,
                "computed": true
              },
              "unclean_shutdown": {
                "type": "string",
                "description": "Unclean Shutdown (enabled / disabled)",
                "description_kind": "plain",
                "optional": true,
                "computed": true
              },
              "untrusted_cert_response_control": {
                "type": "string",
                "description": "Unclean Shutdown (drop / ignore)",
                "description_kind": "plain",
                "optional": true,
                "computed": true
              }
            },
            "description_kind": "plain"
          }
        },
        "bigip_ltm_profile_tcp": {
          "version": 0,
          "block": {
            "attributes": {
              "close_wait_timeout": {
                "type": "number",
                "description": "Number of seconds (default 5) connection will remain in LAST-ACK state before exiting. Value -1 means indefinite, limited by maximum retransmission timeout",
                "description_kind": "plain",
                "optional": true,
                "computed": true
              },
              "congestion_control": {
                "type": "string",
                "description": "Specifies the algorithm to use to share network resources among competing users to reduce congestion. The default is High Speed.",
                "description_kind": "plain",
                "optional": true
              },
              "defaults_from": {
                "type": "string",
                "description": "Use the parent tcp profile",
                "description_kind": "plain",
                "optional": true,
                "computed": true
              },
              "deferred_accept": {
                "type": "string",
                "description": "If enabled, ADC will defer allocating resources to a connection until some payload data has arrived from the client (default false). This may help minimize the impact of certain DoS attacks but adds undesirable latency under normal conditions. Note: ‘deferredAccept’ is incompatible with server-speaks-first application protocols,Default : disabled",
                "description_kind": "plain",
                "optional": true,
                "computed": true
              },
              "delayed_acks": {
                "type": "string",
                "description": "Specifies, when checked (enabled), that the system can send fewer than one ACK (acknowledgment) segment per data segment received. By default, this setting is enabled",
                "description_kind": "plain",
                "optional": true
              },
              "early_retransmit": {
                "type": "string",
                "description": "Enabling this setting allows TCP to assume a packet is lost after fewer than the standard number of duplicate ACKs, if there is no way to send new data and generate more duplicate ACKs",
                "description_kind": "plain",
                "optional": true
              },
              "fast_open": {
                "type": "string",
                "description": "If enabled (default), the system can use the TCP Fast Open protocol extension to reduce latency by sending payload data with initial SYN",
                "description_kind": "plain",
                "optional": true,
                "computed": true
              },
              "finwait_2timeout": {
                "type": "number",
                "description": "Number of seconds (default 300) connection will remain in LAST-ACK state before closing. Value -1 means indefinite, limited by maximum retransmission timeout",
                "description_kind": "plain",
                "optional": true,
                "computed": true
              },
              "finwait_timeout": {
                "type": "number",
                "description": "Number of seconds (default 5) connection will remain in FIN-WAIT-1 or closing state before exiting. Value -1 means indefinite, limited by maximum retransmission timeout",
                "description_kind": "plain",
                "optional": true,
                "computed": true
              },
              "id": {
                "type": "string",
                "description_kind": "plain",
                "optional": true,
                "computed": true
              },
              "idle_timeout": {
                "type": "number",
                "description": "Number of seconds (default 300; may not be 0) connection may remain idle before it becomes eligible for deletion. Value -1 (not recommended) means infinite",
                "description_kind": "plain",
                "optional": true,
                "computed": true
              },
              "initial_congestion_windowsize": {
                "type": "number",
                "description": "Specifies the initial congestion window size for connections to this destination. Actual window size is this value multiplied by the MSS (Maximum Segment Size) for the same connection. The default is 10. Valid values range from 0 to 64",
                "description_kind": "plain",
                "optional": true
              },
              "keepalive_interval": {
                "type": "number",
                "description": "Number of seconds (default 1800) between keep-alive probes",
                "description_kind": "plain",
                "optional": true,
                "computed": true
              },
              "nagle": {
                "type": "string",
                "description": "Specifies whether the system applies Nagle's algorithm to reduce the number of short segments on the network.If you select Auto, the system determines whether to use Nagle's algorithm based on network conditions. By default, this setting is disabled.",
                "description_kind": "plain",
                "optional": true
              },
              "name": {
                "type": "string",
                "description": "Name of the TCP Profile",
                "description_kind": "plain",
                "required": true
              },
              "partition": {
                "type": "string",
                "description": "name of partition",
                "description_kind": "plain",
                "optional": true
              },
              "proxybuffer_high": {
                "type": "number",
                "description": "Specifies the proxy buffer level, in bytes, at which the receive window is closed.",
                "description_kind": "plain",
                "optional": true
              },
              "receive_windowsize": {
                "type": "number",
                "description": "Specifies the maximum advertised RECEIVE window size. This value represents the maximum number of bytes to which the RECEIVE window can scale. The default is 65535 bytes",
                "description_kind": "plain",
                "optional": true
              },
              "send_buffersize": {
                "type": "number",
                "description": "Specifies the SEND window size. The default is 131072 bytes",
                "description_kind": "plain",
                "optional": true
              },
              "tailloss_probe": {
                "type": "string",
                "description": "Enabling this setting allows TCP to send a probe segment to trigger fast recovery instead of recovering a loss via a retransmission timeout,By default, this setting is enabled",
                "description_kind": "plain",
                "optional": true
              },
              "timewait_recycle": {
                "type": "string",
                "description": "Using this setting enabled, the system can recycle a wait-state connection immediately upon receipt of a new connection request instead of having to wait until the connection times out of the wait state. By default, this setting is enabled",
                "description_kind": "plain",
                "optional": true
              },
              "verified_accept": {
                "type": "string",
                "description": "Specifies, when checked (enabled), that the system can actually communicate with the server before establishing a client connection. To determine this, the system sends the server a SYN packet before responding to the client's SYN with a SYN-ACK. When unchecked, the system accepts the client connection before selecting a server to talk to. By default, this setting is disabled",
                "description_kind": "plain",
                "optional": true
              },
              "zerowindow_timeout": {
                "type": "number",
                "description": "Specifies the timeout in milliseconds for terminating a connection with an effective zero length TCP transmit window",
                "description_kind": "plain",
                "optional": true
              }
            },
            "description_kind": "plain"
          }
        },
        "bigip_ltm_snat": {
          "version": 0,
          "block": {
            "attributes": {
              "autolasthop": {
                "type": "string",
                "description": "Specifies whether to automatically map last hop for pools or not. The default is to use next level's defaul",
                "description_kind": "plain",
                "optional": true,
                "computed": true
              },
              "full_path": {
                "type": "string",
                "description": "Fullpath ",
                "description_kind": "plain",
                "optional": true
              },
              "id": {
                "type": "string",
                "description_kind": "plain",
                "optional": true,
                "computed": true
              },
              "mirror": {
                "type": "string",
                "description": "Enables or disables mirroring of SNAT connections.",
                "description_kind": "plain",
                "optional": true,
                "computed": true
              },
              "name": {
                "type": "string",
                "description": "Name of the SNAT",
                "description_kind": "plain",
                "required": true
              },
              "partition": {
                "type": "string",
                "description": "Partition or path to which the SNAT belongs",
                "description_kind": "plain",
                "optional": true
              },
              "snatpool": {
                "type": "string",
                "description": "Specifies an existing SNAT pool to which you want to map the client IP address. When you select SNAT Pool, you also select an existing SNAT pool from the associated list.",
                "description_kind": "plain",
                "optional": true
              },
              "sourceport": {
                "type": "string",
                "description": "Specifies how the SNAT object handles the client's source port. The default is Preserve.",
                "description_kind": "plain",
                "optional": true
              },
              "translation": {
                "type": "string",
                "description": "Specifies a particular IP address that you want the SNAT to use as a translation address. When you select IP Address, you also type the IP address in the associated text box",
                "description_kind": "plain",
                "optional": true
              },
              "vlans": {
                "type": [
                  "set",
                  "string"
                ],
                "description": "Specifies the VLANs or tunnels for which the SNAT is enabled or disabled. The default is All",
                "description_kind": "plain",
                "optional": true
              },
              "vlansdisabled": {
                "type": "bool",
                "description": "Disables the SNAT on all VLANs.",
                "description_kind": "plain",
                "optional": true
              }
            },
            "block_types": {
              "origins": {
                "nesting_mode": "list",
                "block": {
                  "attributes": {
                    "app_service": {
                      "type": "string",
                      "description": "app service",
                      "description_kind": "plain",
                      "optional": true
                    },
                    "name": {
                      "type": "string",
                      "description": "Name of origin",
                      "description_kind": "plain",
                      "optional": true
                    }
                  },
                  "description": "Specifies, for each SNAT that you create, the origin addresses that are to be members of that SNAT. Specify origin addresses by their IP addresses and service ports",
                  "description_kind": "plain"
                },
                "min_items": 1
              }
            },
            "description_kind": "plain"
          }
        },
        "bigip_ltm_snatpool": {
          "version": 0,
          "block": {
            "attributes": {
              "id": {
                "type": "string",
                "description_kind": "plain",
                "optional": true,
                "computed": true
              },
              "members": {
                "type": [
                  "set",
                  "string"
                ],
                "description": "Specifies a translation address to add to or delete from a SNAT pool, at least one address is required.",
                "description_kind": "plain",
                "required": true
              },
              "name": {
                "type": "string",
                "description": "SNAT Pool list Name, format /partition/name. e.g. /Common/snat_pool",
                "description_kind": "plain",
                "required": true
              }
            },
            "description_kind": "plain"
          }
        },
        "bigip_ltm_virtual_address": {
          "version": 0,
          "block": {
            "attributes": {
              "advertize_route": {
                "type": "string",
                "description": "Enabled dynamic routing of the address",
                "description_kind": "plain",
                "optional": true
              },
              "arp": {
                "type": "bool",
                "description": "Enable or disable ARP for the virtual address",
                "description_kind": "plain",
                "optional": true
              },
              "auto_delete": {
                "type": "bool",
                "description": "Automatically delete the virtual address with the virtual server",
                "description_kind": "plain",
                "optional": true
              },
              "conn_limit": {
                "type": "number",
                "description": "Max number of connections for virtual address",
                "description_kind": "plain",
                "optional": true
              },
              "enabled": {
                "type": "bool",
                "description": "Enable or disable the virtual address",
                "description_kind": "plain",
                "optional": true
              },
              "icmp_echo": {
                "type": "string",
                "description": "Enable/Disable ICMP response to the virtual address",
                "description_kind": "plain",
                "optional": true
              },
              "id": {
                "type": "string",
                "description_kind": "plain",
                "optional": true,
                "computed": true
              },
              "name": {
                "type": "string",
                "description": "Name of the virtual address",
                "description_kind": "plain",
                "required": true
              },
              "traffic_group": {
                "type": "string",
                "description": "Specify the partition and traffic group",
                "description_kind": "plain",
                "optional": true
              }
            },
            "description_kind": "plain"
          }
        },
        "bigip_ltm_virtual_server": {
          "version": 0,
          "block": {
            "attributes": {
              "client_profiles": {
                "type": [
                  "set",
                  "string"
                ],
                "description_kind": "plain",
                "optional": true
              },
              "default_persistence_profile": {
                "type": "string",
                "description_kind": "plain",
                "optional": true,
                "computed": true
              },
              "description": {
                "type": "string",
                "description_kind": "plain",
                "optional": true
              },
              "destination": {
                "type": "string",
                "description": "Specifies destination IP address information to which the virtual server sends traffic",
                "description_kind": "plain",
                "optional": true
              },
              "fallback_persistence_profile": {
                "type": "string",
                "description": "Fallback persistence profile",
                "description_kind": "plain",
                "optional": true,
                "computed": true
              },
              "firewall_enforced_policy": {
                "type": "string",
                "description": "Applies the specified AFM policy to the virtual in an enforcing way,when creating a new virtual, if this parameter is not specified, the enforced is disabled.this should be in full path ex: `/Common/afm-test-policy`",
                "description_kind": "plain",
                "optional": true,
                "computed": true
              },
              "id": {
                "type": "string",
                "description_kind": "plain",
                "optional": true,
                "computed": true
              },
              "ip_protocol": {
                "type": "string",
                "description": "Specifies a network protocol name you want the system to use to direct traffic on this virtual server. The default is TCP. The Protocol setting is not available when you select Performance (HTTP) as the Type.",
                "description_kind": "plain",
                "optional": true
              },
              "irules": {
                "type": [
                  "list",
                  "string"
                ],
                "description_kind": "plain",
                "optional": true
              },
              "mask": {
                "type": "string",
                "description": "subnet mask",
                "description_kind": "plain",
                "optional": true,
                "computed": true
              },
              "name": {
                "type": "string",
                "description": "Name of the virtual server",
                "description_kind": "plain",
                "required": true
              },
              "per_flow_request_access_policy": {
                "type": "string",
                "description_kind": "plain",
                "optional": true,
                "computed": true
              },
              "persistence_profiles": {
                "type": [
                  "set",
                  "string"
                ],
                "description_kind": "plain",
                "optional": true
              },
              "policies": {
                "type": [
                  "set",
                  "string"
                ],
                "description": "Specifies the policies for the virtual server",
                "description_kind": "plain",
                "optional": true
              },
              "pool": {
                "type": "string",
                "description": "Default pool for this virtual server",
                "description_kind": "plain",
                "optional": true
              },
              "port": {
                "type": "number",
                "description": "Listen port for the virtual server",
                "description_kind": "plain",
                "optional": true,
                "computed": true
              },
              "profiles": {
                "type": [
                  "set",
                  "string"
                ],
                "description_kind": "plain",
                "optional": true,
                "computed": true
              },
              "security_log_profiles": {
                "type": [
                  "list",
                  "string"
                ],
                "description_kind": "plain",
                "optional": true
              },
              "server_profiles": {
                "type": [
                  "set",
                  "string"
                ],
                "description_kind": "plain",
                "optional": true
              },
              "snatpool": {
                "type": "string",
                "description": "Name of the snatpool to use. Requires source_address_translation to be set to 'snat'.",
                "description_kind": "plain",
                "optional": true,
                "computed": true
              },
              "source": {
                "type": "string",
                "description": "Source IP and mask for the virtual server",
                "description_kind": "plain",
                "optional": true,
                "computed": true
              },
              "source_address_translation": {
                "type": "string",
                "description": "none, automap, snat",
                "description_kind": "plain",
                "optional": true,
                "computed": true
              },
              "source_port": {
                "type": "string",
                "description_kind": "plain",
                "optional": true,
                "computed": true
              },
              "state": {
                "type": "string",
                "description": "Specifies whether the virtual server and its resources are available for load balancing. The default is Enabled",
                "description_kind": "plain",
                "optional": true
              },
              "trafficmatching_criteria": {
                "type": "string",
                "description": "Specifies destination traffic matching information to which the virtual server sends traffic",
                "description_kind": "plain",
                "optional": true,
                "computed": true
              },
              "translate_address": {
                "type": "string",
                "description": "Specifies, when checked (enabled), that the system translates the address of the virtual server. When cleared (disabled), specifies that the system uses the address without translation. This option is useful when the system is load balancing devices that have the same IP address. The default is enabled",
                "description_kind": "plain",
                "optional": true
              },
              "translate_port": {
                "type": "string",
                "description": "Specifies, when checked (enabled), that the system translates the port of the virtual server. When cleared (disabled), specifies that the system uses the port without translation. Turning off port translation for a virtual server is useful if you want to use the virtual server to load balance connections to any service. The default is enabled.",
                "description_kind": "plain",
                "optional": true
              },
              "vlans": {
                "type": [
                  "set",
                  "string"
                ],
                "description_kind": "plain",
                "optional": true
              },
              "vlans_enabled": {
                "type": "bool",
                "description": "Enables the virtual server on the VLANs specified by the VLANs option. By default it is set to false",
                "description_kind": "plain",
                "optional": true
              }
            },
            "description_kind": "plain"
          }
        },
        "bigip_net_ike_peer": {
          "version": 0,
          "block": {
            "attributes": {
              "app_service": {
                "type": "string",
                "description": "The application service that the object belongs to",
                "description_kind": "plain",
                "optional": true
              },
              "ca_cert_file": {
                "type": "string",
                "description": "The trusted root and intermediate certificate authorities",
                "description_kind": "plain",
                "optional": true,
                "computed": true
              },
              "crl_file": {
                "type": "string",
                "description": "Specifies the file name of the Certificate Revocation List. Only supported in IKEv1",
                "description_kind": "plain",
                "optional": true,
                "computed": true
              },
              "description": {
                "type": "string",
                "description": "User defined description",
                "description_kind": "plain",
                "optional": true,
                "computed": true
              },
              "dpd_delay": {
                "type": "number",
                "description": "Specifies the number of seconds between Dead Peer Detection messages",
                "description_kind": "plain",
                "optional": true,
                "computed": true
              },
              "generate_policy": {
                "type": "string",
                "description": "Enable or disable the generation of Security Policy Database entries(SPD) when the device is the responder of the IKE remote node",
                "description_kind": "plain",
                "optional": true,
                "computed": true
              },
              "id": {
                "type": "string",
                "description_kind": "plain",
                "optional": true,
                "computed": true
              },
              "lifetime": {
                "type": "number",
                "description": "Defines the lifetime in minutes of an IKE SA which will be proposed in the phase 1 negotiations",
                "description_kind": "plain",
                "optional": true,
                "computed": true
              },
              "mode": {
                "type": "string",
                "description": "Defines the exchange mode for phase 1 when racoon is the initiator, or the acceptable exchange mode when racoon is the responder",
                "description_kind": "plain",
                "optional": true,
                "computed": true
              },
              "my_cert_file": {
                "type": "string",
                "description": "Specifies the name of the certificate file object",
                "description_kind": "plain",
                "optional": true,
                "computed": true
              },
              "my_cert_key_file": {
                "type": "string",
                "description": "Specifies the name of the certificate key file object",
                "description_kind": "plain",
                "optional": true,
                "computed": true
              },
              "my_cert_key_passphrase": {
                "type": "string",
                "description": "Specifies the passphrase of the key used for my-cert-key-file",
                "description_kind": "plain",
                "optional": true,
                "computed": true
              },
              "my_id_type": {
                "type": "string",
                "description": "Specifies the identifier type sent to the remote host to use in the phase 1 negotiation",
                "description_kind": "plain",
                "optional": true,
                "computed": true
              },
              "my_id_value": {
                "type": "string",
                "description": "Specifies the identifier value sent to the remote host in the phase 1 negotiation",
                "description_kind": "plain",
                "optional": true,
                "computed": true
              },
              "name": {
                "type": "string",
                "description": "Name of the IKE PEER",
                "description_kind": "plain",
                "required": true
              },
              "nat_traversal": {
                "type": "string",
                "description": "Enables use of the NAT-Traversal IPsec extension",
                "description_kind": "plain",
                "optional": true,
                "computed": true
              },
              "passive": {
                "type": "string",
                "description": "Specifies whether the local IKE agent can be the initiator of the IKE negotiation with this ike-peer",
                "description_kind": "plain",
                "optional": true,
                "computed": true
              },
              "peers_cert_file": {
                "type": "string",
                "description": "Specifies the peer’s certificate for authentication",
                "description_kind": "plain",
                "optional": true,
                "computed": true
              },
              "peers_cert_type": {
                "type": "string",
                "description": "Specifies that the only peers-cert-type supported is certfile",
                "description_kind": "plain",
                "optional": true,
                "computed": true
              },
              "peers_id_type": {
                "type": "string",
                "description": "Specifies which of address, fqdn, asn1dn, user-fqdn or keyid-tag types to use as peers-id-type",
                "description_kind": "plain",
                "optional": true,
                "computed": true
              },
              "peers_id_value": {
                "type": "string",
                "description": "Specifies the peer’s identifier to be received",
                "description_kind": "plain",
                "optional": true,
                "computed": true
              },
              "phase1_auth_method": {
                "type": "string",
                "description": "Specifies the authentication method used for phase 1 negotiation",
                "description_kind": "plain",
                "optional": true,
                "computed": true
              },
              "phase1_encrypt_algorithm": {
                "type": "string",
                "description": "Specifies the encryption algorithm used for the isakmp phase 1 negotiation",
                "description_kind": "plain",
                "optional": true,
                "computed": true
              },
              "phase1_hash_algorithm": {
                "type": "string",
                "description": "Defines the hash algorithm used for the isakmp phase 1 negotiation",
                "description_kind": "plain",
                "optional": true,
                "computed": true
              },
              "phase1_perfect_forward_secrecy": {
                "type": "string",
                "description": "Defines the Diffie-Hellman group for key exchange to provide perfect forward secrecy",
                "description_kind": "plain",
                "optional": true,
                "computed": true
              },
              "preshared_key": {
                "type": "string",
                "description": "Specifies the preshared key for ISAKMP SAs",
                "description_kind": "plain",
                "optional": true
              },
              "preshared_key_encrypted": {
                "type": "string",
                "description": "Display the encrypted preshared-key for the IKE remote node",
                "description_kind": "plain",
                "optional": true,
                "computed": true
              },
              "prf": {
                "type": "string",
                "description": "Specifies the pseudo-random function used to derive keying material for all cryptographic operations",
                "description_kind": "plain",
                "optional": true,
                "computed": true
              },
              "proxy_support": {
                "type": "string",
                "description": "If this value is enabled, both values of ID payloads in the phase 2 exchange are used as the addresses of end-point of IPsec-SAs",
                "description_kind": "plain",
                "optional": true,
                "computed": true
              },
              "remote_address": {
                "type": "string",
                "description": "Specifies the IP address of the IKE remote node",
                "description_kind": "plain",
                "required": true
              },
              "replay_window_size": {
                "type": "number",
                "description": "Specifies the replay window size of the IPsec SAs negotiated with the IKE remote node",
                "description_kind": "plain",
                "optional": true,
                "computed": true
              },
              "state": {
                "type": "string",
                "description": "Enables or disables this IKE remote node",
                "description_kind": "plain",
                "optional": true,
                "computed": true
              },
              "traffic_selector": {
                "type": [
                  "list",
                  "string"
                ],
                "description": "Specifies the names of the traffic-selector objects associated with this ike-peer",
                "description_kind": "plain",
                "optional": true,
                "computed": true
              },
              "verify_cert": {
                "type": "string",
                "description": "Specifies whether to verify the certificate chain of the remote peer based on the trusted certificates in ca-cert-file",
                "description_kind": "plain",
                "optional": true,
                "computed": true
              },
              "version": {
                "type": [
                  "list",
                  "string"
                ],
                "description": "Specifies which version of IKE to be used",
                "description_kind": "plain",
                "optional": true,
                "computed": true
              }
            },
            "description_kind": "plain"
          }
        },
        "bigip_net_route": {
          "version": 0,
          "block": {
            "attributes": {
              "gw": {
                "type": "string",
                "description": "Gateway address",
                "description_kind": "plain",
                "optional": true
              },
              "id": {
                "type": "string",
                "description_kind": "plain",
                "optional": true,
                "computed": true
              },
              "name": {
                "type": "string",
                "description": "Name of the route",
                "description_kind": "plain",
                "required": true
              },
              "network": {
                "type": "string",
                "description": "Destination network",
                "description_kind": "plain",
                "required": true
              },
              "reject": {
                "type": "bool",
                "description": "reject route",
                "description_kind": "plain",
                "optional": true
              },
              "tunnel_ref": {
                "type": "string",
                "description": "tunnel_ref to route traffic",
                "description_kind": "plain",
                "optional": true
              }
            },
            "description_kind": "plain"
          }
        },
        "bigip_net_selfip": {
          "version": 0,
          "block": {
            "attributes": {
              "id": {
                "type": "string",
                "description_kind": "plain",
                "optional": true,
                "computed": true
              },
              "ip": {
                "type": "string",
                "description": "SelfIP IP address",
                "description_kind": "plain",
                "required": true
              },
              "name": {
                "type": "string",
                "description": "Name of the SelfIP",
                "description_kind": "plain",
                "required": true
              },
              "port_lockdown": {
                "type": [
                  "list",
                  "string"
                ],
                "description": "port lockdown",
                "description_kind": "plain",
                "optional": true
              },
              "traffic_group": {
                "type": "string",
                "description": "Name of the traffic group, defaults to traffic-group-local-only if not specified",
                "description_kind": "plain",
                "optional": true
              },
              "vlan": {
                "type": "string",
                "description": "Name of the vlan",
                "description_kind": "plain",
                "required": true
              }
            },
            "description_kind": "plain"
          }
        },
        "bigip_net_tunnel": {
          "version": 0,
          "block": {
            "attributes": {
              "app_service": {
                "type": "string",
                "description": "The application service that the object belongs to",
                "description_kind": "plain",
                "optional": true
              },
              "auto_last_hop": {
                "type": "string",
                "description": "Specifies whether auto lasthop is enabled or not",
                "description_kind": "plain",
                "optional": true
              },
              "description": {
                "type": "string",
                "description": "User defined description",
                "description_kind": "plain",
                "optional": true
              },
              "id": {
                "type": "string",
                "description_kind": "plain",
                "optional": true,
                "computed": true
              },
              "idle_timeout": {
                "type": "number",
                "description": "Specifies an idle timeout for wildcard tunnels in seconds",
                "description_kind": "plain",
                "optional": true
              },
              "key": {
                "type": "number",
                "description": "The key field may represent different values depending on the type of the tunnel",
                "description_kind": "plain",
                "optional": true
              },
              "local_address": {
                "type": "string",
                "description": "Specifies a local IP address. This option is required",
                "description_kind": "plain",
                "required": true
              },
              "mode": {
                "type": "string",
                "description": "Specifies how the tunnel carries traffic",
                "description_kind": "plain",
                "optional": true
              },
              "mtu": {
                "type": "number",
                "description": "Specifies the maximum transmission unit (MTU) of the tunnel",
                "description_kind": "plain",
                "optional": true
              },
              "name": {
                "type": "string",
                "description": "Name of the TUNNEL",
                "description_kind": "plain",
                "required": true
              },
              "partition": {
                "type": "string",
                "description": "Displays the admin-partition within which this component resides",
                "description_kind": "plain",
                "optional": true
              },
              "profile": {
                "type": "string",
                "description": "Specifies the profile that you want to associate with the tunnel",
                "description_kind": "plain",
                "required": true
              },
              "remote_address": {
                "type": "string",
                "description": "Specifies a remote IP address",
                "description_kind": "plain",
                "optional": true
              },
              "secondary_address": {
                "type": "string",
                "description": "Specifies a secondary non-floating IP address when the local-address is set to a floating address",
                "description_kind": "plain",
                "optional": true
              },
              "tos": {
                "type": "string",
                "description": "Specifies a value for insertion into the Type of Service (ToS) octet within the IP header of the encapsulating header of transmitted packets",
                "description_kind": "plain",
                "optional": true
              },
              "traffic_group": {
                "type": "string",
                "description": "Specifies a traffic-group for use with the tunnel",
                "description_kind": "plain",
                "optional": true
              },
              "transparent": {
                "type": "string",
                "description": "Enables or disables the tunnel to be transparent",
                "description_kind": "plain",
                "optional": true
              },
              "use_pmtu": {
                "type": "string",
                "description": "Enables or disables the tunnel to use the PMTU (Path MTU) information provided by ICMP NeedFrag error messages",
                "description_kind": "plain",
                "optional": true
              }
            },
            "description_kind": "plain"
          }
        },
        "bigip_net_vlan": {
          "version": 0,
          "block": {
            "attributes": {
              "cmp_hash": {
                "type": "string",
                "description": "Specifies how the traffic on the VLAN will be disaggregated. The value selected determines the traffic disaggregation method",
                "description_kind": "plain",
                "optional": true,
                "computed": true
              },
              "id": {
                "type": "string",
                "description_kind": "plain",
                "optional": true,
                "computed": true
              },
              "name": {
                "type": "string",
                "description": "Name of the VLAN",
                "description_kind": "plain",
                "required": true
              },
              "tag": {
                "type": "number",
                "description": "VLAN ID (tag)",
                "description_kind": "plain",
                "optional": true
              }
            },
            "block_types": {
              "interfaces": {
                "nesting_mode": "list",
                "block": {
                  "attributes": {
                    "tagged": {
                      "type": "bool",
                      "description": "Interface tagged",
                      "description_kind": "plain",
                      "optional": true
                    },
                    "vlanport": {
                      "type": "string",
                      "description": "Vlan name",
                      "description_kind": "plain",
                      "optional": true
                    }
                  },
                  "description": "Interface(s) attached to the VLAN",
                  "description_kind": "plain"
                }
              }
            },
            "description_kind": "plain"
          }
        },
        "bigip_ssl_certificate": {
          "version": 0,
          "block": {
            "attributes": {
              "content": {
                "type": "string",
                "description": "Content of certificate on Disk",
                "description_kind": "plain",
                "required": true,
                "sensitive": true
              },
              "full_path": {
                "type": "string",
                "description": "Full Path Name of ssl certificate",
                "description_kind": "plain",
                "optional": true,
                "computed": true
              },
              "id": {
                "type": "string",
                "description_kind": "plain",
                "optional": true,
                "computed": true
              },
              "issuer_cert": {
                "type": "string",
                "description": "Specifies the issuer certificate",
                "description_kind": "plain",
                "optional": true
              },
              "monitoring_type": {
                "type": "string",
                "description": "Specifies the type of monitoring used",
                "description_kind": "plain",
                "optional": true
              },
              "name": {
                "type": "string",
                "description": "Name of SSL Certificate with .crt extension",
                "description_kind": "plain",
                "required": true
              },
              "ocsp": {
                "type": "string",
                "description": "Specifies the OCSP responder",
                "description_kind": "plain",
                "optional": true
              },
              "partition": {
                "type": "string",
                "description": "Partition of ssl certificate",
                "description_kind": "plain",
                "optional": true
              }
            },
            "description_kind": "plain"
          }
        },
        "bigip_ssl_key": {
          "version": 0,
          "block": {
            "attributes": {
              "content": {
                "type": "string",
                "description": "Content of SSL certificate key present on local Disk",
                "description_kind": "plain",
                "required": true,
                "sensitive": true
              },
              "full_path": {
                "type": "string",
                "description": "Full Path Name of ssl key",
                "description_kind": "plain",
                "optional": true,
                "computed": true
              },
              "id": {
                "type": "string",
                "description_kind": "plain",
                "optional": true,
                "computed": true
              },
              "name": {
                "type": "string",
                "description": "Name of SSL Certificate key with .key extension",
                "description_kind": "plain",
                "required": true
              },
              "partition": {
                "type": "string",
                "description": "Partition of ssl certificate key",
                "description_kind": "plain",
                "optional": true
              },
              "passphrase": {
                "type": "string",
                "description": "Passphrase on key.",
                "description_kind": "plain",
                "optional": true,
                "sensitive": true
              }
            },
            "description_kind": "plain"
          }
        },
        "bigip_ssl_key_cert": {
          "version": 0,
          "block": {
            "attributes": {
              "cert_content": {
                "type": "string",
                "description": "The content of the cert.",
                "description_kind": "plain",
                "required": true,
                "sensitive": true
              },
              "cert_full_path": {
                "type": "string",
                "description": "Full Path Name of ssl certificate",
                "description_kind": "plain",
                "optional": true,
                "computed": true
              },
              "cert_monitoring_type": {
                "type": "string",
                "description": "Specifies the type of monitoring used.",
                "description_kind": "plain",
                "optional": true
              },
              "cert_name": {
                "type": "string",
                "description": "The name of the cert.",
                "description_kind": "plain",
                "required": true
              },
              "cert_ocsp": {
                "type": "string",
                "description": "Specifies the OCSP responder",
                "description_kind": "plain",
                "optional": true
              },
              "id": {
                "type": "string",
                "description_kind": "plain",
                "optional": true,
                "computed": true
              },
              "issuer_cert": {
                "type": "string",
                "description": "Specifies the issuer certificate",
                "description_kind": "plain",
                "optional": true
              },
              "key_content": {
                "type": "string",
                "description": "The content of the key.",
                "description_kind": "plain",
                "required": true,
                "sensitive": true
              },
              "key_full_path": {
                "type": "string",
                "description": "Full Path Name of ssl key",
                "description_kind": "plain",
                "optional": true,
                "computed": true
              },
              "key_name": {
                "type": "string",
                "description": "The name of the key.",
                "description_kind": "plain",
                "required": true
              },
              "partition": {
                "type": "string",
                "description": "Partition on the ssl certificate and key.",
                "description_kind": "plain",
                "optional": true
              },
              "passphrase": {
                "type": "string",
                "description": "Passphrase on the key.",
                "description_kind": "plain",
                "optional": true,
                "sensitive": true
              }
            },
            "description_kind": "plain"
          }
        },
        "bigip_sys_bigiplicense": {
          "version": 0,
          "block": {
            "attributes": {
              "command": {
                "type": "string",
                "description": "Tmsh command to execute tmsh commands like install",
                "description_kind": "plain",
                "required": true
              },
              "id": {
                "type": "string",
                "description_kind": "plain",
                "optional": true,
                "computed": true
              },
              "registration_key": {
                "type": "string",
                "description": "A unique Key F5 provides for Licensing BIG-IP",
                "description_kind": "plain",
                "required": true
              }
            },
            "description_kind": "plain"
          }
        },
        "bigip_sys_dns": {
          "version": 0,
          "block": {
            "attributes": {
              "description": {
                "type": "string",
                "description": "User defined description",
                "description_kind": "plain",
                "required": true
              },
              "id": {
                "type": "string",
                "description_kind": "plain",
                "optional": true,
                "computed": true
              },
              "name_servers": {
                "type": [
                  "list",
                  "string"
                ],
                "description": "Specifies the name servers that the system uses to validate DNS lookups, and resolve host names",
                "description_kind": "plain",
                "required": true
              },
              "number_of_dots": {
                "type": "number",
                "description": "how many DNS Servers",
                "description_kind": "plain",
                "optional": true,
                "computed": true
              },
              "search": {
                "type": [
                  "list",
                  "string"
                ],
                "description": "Specifies the domains that the system searches for local domain lookups, to resolve local host names",
                "description_kind": "plain",
                "optional": true
              }
            },
            "description_kind": "plain"
          }
        },
        "bigip_sys_iapp": {
          "version": 0,
          "block": {
            "attributes": {
              "description": {
                "type": "string",
                "description": "Address of the Iapp which needs to be Iappensed",
                "description_kind": "plain",
                "optional": true
              },
              "devicegroup": {
                "type": "string",
                "description": "BIG-IP password",
                "description_kind": "plain",
                "optional": true,
                "computed": true
              },
              "execute_action": {
                "type": "string",
                "description": "BIG-IP password",
                "description_kind": "plain",
                "optional": true,
                "computed": true
              },
              "id": {
                "type": "string",
                "description_kind": "plain",
                "optional": true,
                "computed": true
              },
              "inherited_devicegroup": {
                "type": "string",
                "description": "BIG-IP password",
                "description_kind": "plain",
                "optional": true
              },
              "inherited_traffic_group": {
                "type": "string",
                "description": "BIG-IP password",
                "description_kind": "plain",
                "optional": true
              },
              "jsonfile": {
                "type": "string",
                "description": "Address of the Iapp which needs to be Iappensed",
                "description_kind": "plain",
                "required": true
              },
              "name": {
                "type": "string",
                "description": "Address of the Iapp which needs to be Iappensed",
                "description_kind": "plain",
                "required": true
              },
              "partition": {
                "type": "string",
                "description": "Address of the Iapp which needs to be Iappensed",
                "description_kind": "plain",
                "optional": true
              },
              "strict_updates": {
                "type": "string",
                "description": "BIG-IP password",
                "description_kind": "plain",
                "optional": true
              },
              "template": {
                "type": "string",
                "description": "BIG-IP password",
                "description_kind": "plain",
                "optional": true
              },
              "template_modified": {
                "type": "string",
                "description": "BIG-IP password",
                "description_kind": "plain",
                "optional": true
              },
              "template_prerequisite_errors": {
                "type": "string",
                "description": "BIG-IP password",
                "description_kind": "plain",
                "optional": true
              },
              "traffic_group": {
                "type": "string",
                "description": "BIG-IP password",
                "description_kind": "plain",
                "optional": true
              }
            },
            "block_types": {
              "lists": {
                "nesting_mode": "list",
                "block": {
                  "attributes": {
                    "encrypted": {
                      "type": "string",
                      "description": "Name of origin",
                      "description_kind": "plain",
                      "optional": true
                    },
                    "value": {
                      "type": "string",
                      "description": "Name of origin",
                      "description_kind": "plain",
                      "optional": true
                    }
                  },
                  "description_kind": "plain"
                }
              },
              "metadata": {
                "nesting_mode": "list",
                "block": {
                  "attributes": {
                    "persists": {
                      "type": "string",
                      "description": "Name of origin",
                      "description_kind": "plain",
                      "optional": true
                    },
                    "value": {
                      "type": "string",
                      "description": "Name of origin",
                      "description_kind": "plain",
                      "optional": true
                    }
                  },
                  "description_kind": "plain"
                }
              },
              "tables": {
                "nesting_mode": "list",
                "block": {
                  "attributes": {
                    "column_names": {
                      "type": [
                        "list",
                        "string"
                      ],
                      "description_kind": "plain",
                      "optional": true
                    },
                    "encrypted_columns": {
                      "type": "string",
                      "description": "Name of origin",
                      "description_kind": "plain",
                      "optional": true
                    },
                    "name": {
                      "type": "string",
                      "description": "Name of origin",
                      "description_kind": "plain",
                      "optional": true
                    }
                  },
                  "block_types": {
                    "rows": {
                      "nesting_mode": "list",
                      "block": {
                        "attributes": {
                          "row": {
                            "type": [
                              "list",
                              "string"
                            ],
                            "description_kind": "plain",
                            "optional": true
                          }
                        },
                        "description_kind": "plain"
                      }
                    }
                  },
                  "description_kind": "plain"
                }
              },
              "variables": {
                "nesting_mode": "list",
                "block": {
                  "attributes": {
                    "encrypted": {
                      "type": "string",
                      "description": "Name of origin",
                      "description_kind": "plain",
                      "optional": true
                    },
                    "name": {
                      "type": "string",
                      "description": "Name of origin",
                      "description_kind": "plain",
                      "optional": true
                    },
                    "value": {
                      "type": "string",
                      "description": "Name of origin",
                      "description_kind": "plain",
                      "optional": true
                    }
                  },
                  "description_kind": "plain"
                }
              }
            },
            "description_kind": "plain"
          }
        },
        "bigip_sys_ntp": {
          "version": 0,
          "block": {
            "attributes": {
              "description": {
                "type": "string",
                "description": "User defined description.",
                "description_kind": "plain",
                "required": true
              },
              "id": {
                "type": "string",
                "description_kind": "plain",
                "optional": true,
                "computed": true
              },
              "servers": {
                "type": [
                  "list",
                  "string"
                ],
                "description": "Specifies the time servers that the system uses to update the system time",
                "description_kind": "plain",
                "required": true
              },
              "timezone": {
                "type": "string",
                "description": "Specifies the time zone that you want to use for the system time",
                "description_kind": "plain",
                "optional": true
              }
            },
            "description_kind": "plain"
          }
        },
        "bigip_sys_ocsp": {
          "version": 0,
          "block": {
            "attributes": {
              "cache_error_timeout": {
                "type": "number",
                "description": "Specifies the lifetime of an error response in the cache, in seconds. This value must be greater than connection_timeout",
                "description_kind": "plain",
                "optional": true
              },
              "cache_timeout": {
                "type": "string",
                "description": "Specifies the lifetime of the OCSP response in the cache, in seconds",
                "description_kind": "plain",
                "optional": true
              },
              "clock_skew": {
                "type": "number",
                "description": "Specifies the tolerable absolute difference in the clocks of the responder and the BIG-IP system, in seconds",
                "description_kind": "plain",
                "optional": true
              },
              "concurrent_connections_limit": {
                "type": "number",
                "description": "Specifies the maximum number of connections per second allowed for the OCSP certificate validator",
                "description_kind": "plain",
                "optional": true
              },
              "connection_timeout": {
                "type": "number",
                "description": "Specifies the time interval that the BIG-IP system waits for before ending the connection to the OCSP responder, in seconds",
                "description_kind": "plain",
                "optional": true
              },
              "dns_resolver": {
                "type": "string",
                "description": "Specifies the internal DNS resolver the BIG-IP system uses to fetch the OCSP response. It should be of the pattern '/partition/resolver-name'",
                "description_kind": "plain",
                "optional": true
              },
              "id": {
                "type": "string",
                "description_kind": "plain",
                "optional": true,
                "computed": true
              },
              "name": {
                "type": "string",
                "description": "Specifies the name of the OCSP responder. It should be of the pattern '/partition/name'",
                "description_kind": "plain",
                "required": true
              },
              "passphrase": {
                "type": "string",
                "description": "Specifies a passphrase used to sign an OCSP request",
                "description_kind": "plain",
                "optional": true,
                "sensitive": true
              },
              "proxy_server_pool": {
                "type": "string",
                "description": "Specifies the proxy server pool the BIG-IP system uses to fetch the OCSP response. It should be of the pattern '/partition/pool-name'",
                "description_kind": "plain",
                "optional": true
              },
              "responder_url": {
                "type": "string",
                "description": "Specifies the URL of the OCSP responder",
                "description_kind": "plain",
                "optional": true
              },
              "route_domain": {
                "type": "string",
                "description": "Specifies the route domain for the OCSP responder",
                "description_kind": "plain",
                "optional": true
              },
              "sign_hash": {
                "type": "string",
                "description": "Specifies the hash algorithm used to sign an OCSP request",
                "description_kind": "plain",
                "optional": true
              },
              "signer_cert": {
                "type": "string",
                "description": "Specifies a certificate used to sign an OCSP request. It should be of the pattern '/partition/cert-name'",
                "description_kind": "plain",
                "optional": true
              },
              "signer_key": {
                "type": "string",
                "description": "Specifies a key used to sign an OCSP request. It should be of the pattern '/partition/key-name'",
                "description_kind": "plain",
                "optional": true
              },
              "status_age": {
                "type": "number",
                "description": "Specifies the maximum allowed lag time that the BIG-IP system accepts for the 'thisUpdate' time in the OCSP response, in seconds",
                "description_kind": "plain",
                "optional": true
              },
              "strict_resp_cert_check": {
                "type": "string",
                "description": "Specifies whether the responder's certificate is checked for an OCSP signing extension",
                "description_kind": "plain",
                "optional": true
              },
              "trusted_responders": {
                "type": "string",
                "description": "Specifies the certificates used for validating the OCSP response",
                "description_kind": "plain",
                "optional": true
              }
            },
            "description_kind": "plain"
          }
        },
        "bigip_sys_provision": {
          "version": 0,
          "block": {
            "attributes": {
              "cpu_ratio": {
                "type": "number",
                "description": "Use this option only when the level option is set to custom.F5 Networks recommends that you do not modify this option. The default value is none",
                "description_kind": "plain",
                "optional": true
              },
              "disk_ratio": {
                "type": "number",
                "description": "Use this option only when the level option is set to custom.F5 Networks recommends that you do not modify this option. The default value is none",
                "description_kind": "plain",
                "optional": true
              },
              "full_path": {
                "type": "string",
                "description_kind": "plain",
                "optional": true,
                "computed": true
              },
              "id": {
                "type": "string",
                "description_kind": "plain",
                "optional": true,
                "computed": true
              },
              "level": {
                "type": "string",
                "description": "Sets the provisioning level for the requested modules. Changing the level for one module may require modifying the level of another module. For example, changing one module to dedicated requires setting all others to none. Setting the level of a module to none means the module is not activated.",
                "description_kind": "plain",
                "optional": true
              },
              "memory_ratio": {
                "type": "number",
                "description": "Use this option only when the level option is set to custom.F5 Networks recommends that you do not modify this option. The default value is none",
                "description_kind": "plain",
                "optional": true
              },
              "name": {
                "type": "string",
                "description": "Name of module to provision in BIG-IP.",
                "description_kind": "plain",
                "required": true
              }
            },
            "description_kind": "plain"
          }
        },
        "bigip_sys_snmp": {
          "version": 0,
          "block": {
            "attributes": {
              "allowedaddresses": {
                "type": [
                  "set",
                  "string"
                ],
                "description": "List of SNMP addresses",
                "description_kind": "plain",
                "optional": true
              },
              "id": {
                "type": "string",
                "description_kind": "plain",
                "optional": true,
                "computed": true
              },
              "sys_contact": {
                "type": "string",
                "description": "Contact Person email",
                "description_kind": "plain",
                "optional": true
              },
              "sys_location": {
                "type": "string",
                "description": "Location of the F5 ",
                "description_kind": "plain",
                "optional": true
              }
            },
            "description_kind": "plain"
          }
        },
        "bigip_sys_snmp_traps": {
          "version": 0,
          "block": {
            "attributes": {
              "auth_passwordencrypted": {
                "type": "string",
                "description": "Encrypted password ",
                "description_kind": "plain",
                "optional": true
              },
              "auth_protocol": {
                "type": "string",
                "description": "Specifies the protocol used to authenticate the user.",
                "description_kind": "plain",
                "optional": true
              },
              "community": {
                "type": "string",
                "description": "Specifies the community string used for this trap. ",
                "description_kind": "plain",
                "optional": true
              },
              "description": {
                "type": "string",
                "description": "User defined description.",
                "description_kind": "plain",
                "optional": true
              },
              "engine_id": {
                "type": "string",
                "description": "Specifies the authoritative security engine for SNMPv3.",
                "description_kind": "plain",
                "optional": true
              },
              "host": {
                "type": "string",
                "description": "The host the trap will be sent to.",
                "description_kind": "plain",
                "optional": true
              },
              "id": {
                "type": "string",
                "description_kind": "plain",
                "optional": true,
                "computed": true
              },
              "name": {
                "type": "string",
                "description": "Name",
                "description_kind": "plain",
                "optional": true
              },
              "port": {
                "type": "number",
                "description": "The port that the trap will be sent to.",
                "description_kind": "plain",
                "optional": true
              },
              "privacy_password": {
                "type": "string",
                "description": "Specifies the clear text password used to encrypt traffic. This field will not be displayed. ",
                "description_kind": "plain",
                "optional": true
              },
              "privacy_password_encrypted": {
                "type": "string",
                "description": "Specifies the encrypted password used to encrypt traffic. ",
                "description_kind": "plain",
                "optional": true
              },
              "privacy_protocol": {
                "type": "string",
                "description": "Specifies the protocol used to encrypt traffic. ",
                "description_kind": "plain",
                "optional": true
              },
              "security_level": {
                "type": "string",
                "description": "Specifies whether or not traffic is encrypted and whether or not authentication is required.",
                "description_kind": "plain",
                "optional": true,
                "computed": true
              },
              "security_name": {
                "type": "string",
                "description": "Security name used in conjunction with SNMPv3.",
                "description_kind": "plain",
                "optional": true
              },
              "version": {
                "type": "string",
                "description": "SNMP version used for sending the trap. ",
                "description_kind": "plain",
                "optional": true,
                "computed": true
              }
            },
            "description_kind": "plain"
          }
        },
        "bigip_traffic_selector": {
          "version": 0,
          "block": {
            "attributes": {
              "description": {
                "type": "string",
                "description": "Description of the traffic selector.",
                "description_kind": "plain",
                "optional": true,
                "computed": true
              },
              "destination_address": {
                "type": "string",
                "description": "Specifies the host or network IP address to which the application traffic is destined.When creating a new traffic selector, this parameter is required",
                "description_kind": "plain",
                "required": true
              },
              "destination_port": {
                "type": "number",
                "description": "Specifies the IP port used by the application. The default value is All Ports",
                "description_kind": "plain",
                "optional": true,
                "computed": true
              },
              "direction": {
                "type": "string",
                "description": "Specifies whether the traffic selector applies to inbound or outbound traffic, or both. The default value is Both.",
                "description_kind": "plain",
                "optional": true,
                "computed": true
              },
              "id": {
                "type": "string",
                "description_kind": "plain",
                "optional": true,
                "computed": true
              },
              "ip_protocol": {
                "type": "number",
                "description": "Specifies the network protocol to use for this traffic. The default value is All Protocols (255)",
                "description_kind": "plain",
                "optional": true,
                "computed": true
              },
              "ipsec_policy": {
                "type": "string",
                "description": "Specifies the IPsec policy that tells the BIG-IP system how to handle the packets.When creating a new traffic selector, if this parameter is not specified, the default is default-ipsec-policy.",
                "description_kind": "plain",
                "optional": true,
                "computed": true
              },
              "name": {
                "type": "string",
                "description": "Specifies the name of the traffic selector",
                "description_kind": "plain",
                "required": true
              },
              "order": {
                "type": "number",
                "description": "Specifies the order in which traffic is matched, if traffic can be matched to multiple traffic selectors.Traffic is matched to the traffic selector with the highest priority (lowest order number).When creating a new traffic selector, if this parameter is not specified, the default is last.",
                "description_kind": "plain",
                "optional": true,
                "computed": true
              },
              "source_address": {
                "type": "string",
                "description": "Specifies the host or network IP address from which the application traffic originates.When creating a new traffic selector, this parameter is required.",
                "description_kind": "plain",
                "required": true
              },
              "source_port": {
                "type": "number",
                "description": "Specifies the IP port used by the application. The default value is All Ports",
                "description_kind": "plain",
                "optional": true,
                "computed": true
              }
            },
            "description_kind": "plain"
          }
        },
        "bigip_vcmp_guest": {
          "version": 0,
          "block": {
            "attributes": {
              "allowed_slots": {
                "type": [
                  "list",
                  "number"
                ],
                "description": "Contains those slots to which the guest is allowed to be assigned.",
                "description_kind": "plain",
                "optional": true,
                "computed": true
              },
              "cores_per_slot": {
                "type": "number",
                "description": "The number of cores the system allocates to the guest.",
                "description_kind": "plain",
                "optional": true,
                "computed": true
              },
              "delete_virtual_disk": {
                "type": "bool",
                "description": "Indicates if virtual disk associated with vCMP guest should be removed during remove operation.",
                "description_kind": "plain",
                "optional": true
              },
              "full_path": {
                "type": "string",
                "description": "Resource name including prepended partition path.",
                "description_kind": "plain",
                "computed": true
              },
              "id": {
                "type": "string",
                "description_kind": "plain",
                "optional": true,
                "computed": true
              },
              "initial_hotfix": {
                "type": "string",
                "description": "The hotfix ISO image file which is applied on top of the base image.",
                "description_kind": "plain",
                "optional": true,
                "computed": true
              },
              "initial_image": {
                "type": "string",
                "description": "The base software release ISO image file for installing the TMOS hypervisor instance.",
                "description_kind": "plain",
                "optional": true,
                "computed": true
              },
              "mgmt_address": {
                "type": "string",
                "description": "The IP address and subnet or subnet mask you use to access the guest when you want to manage a module running within the guest.",
                "description_kind": "plain",
                "optional": true,
                "computed": true
              },
              "mgmt_network": {
                "type": "string",
                "description": "The method by which the management address is used in the vCMP guest.",
                "description_kind": "plain",
                "optional": true,
                "computed": true
              },
              "mgmt_route": {
                "type": "string",
                "description": "The gateway address for the mgmt_address.",
                "description_kind": "plain",
                "optional": true,
                "computed": true
              },
              "min_number_of_slots": {
                "type": "number",
                "description": "The minimum number of slots the guest must be assigned to in order to deploy.",
                "description_kind": "plain",
                "optional": true,
                "computed": true
              },
              "name": {
                "type": "string",
                "description": "Name of the vCMP guest instance.",
                "description_kind": "plain",
                "required": true
              },
              "number_of_slots": {
                "type": "number",
                "description": "The number of slots for the system to use when creating the guest.",
                "description_kind": "plain",
                "optional": true,
                "computed": true
              },
              "state": {
                "type": "string",
                "description": "The state of the vCMP guest on the system.",
                "description_kind": "plain",
                "optional": true,
                "computed": true
              },
              "virtual_disk": {
                "type": "string",
                "description": "Virtual disk associated with vCMP guest.",
                "description_kind": "plain",
                "computed": true
              },
              "vlans": {
                "type": [
                  "list",
                  "string"
                ],
                "description": "VLANs the guest uses to communicate with other guests, the host, and with the external network.",
                "description_kind": "plain",
                "optional": true,
                "computed": true
              }
            },
            "description_kind": "plain"
          }
        },
        "bigip_waf_policy": {
          "version": 0,
          "block": {
            "attributes": {
              "application_language": {
                "type": "string",
                "description": "The character encoding for the web application. The character encoding determines how the policy processes the character sets. The default is Auto detect",
                "description_kind": "plain",
                "optional": true
              },
              "case_insensitive": {
                "type": "bool",
                "description": "Specifies whether the security policy treats microservice URLs, file types, URLs, and parameters as case sensitive or not. When this setting is enabled, the system stores these security policy elements in lowercase in the security policy configuration",
                "description_kind": "plain",
                "optional": true
              },
              "description": {
                "type": "string",
                "description": "Specifies the description of the policy.",
                "description_kind": "plain",
                "optional": true,
                "computed": true
              },
              "enable_passivemode": {
                "type": "bool",
                "description": "Passive Mode allows the policy to be associated with a Performance L4 Virtual Server (using a FastL4 profile). With FastL4, traffic is analyzed but is not modified in any way.",
                "description_kind": "plain",
                "optional": true
              },
              "enforcement_mode": {
                "type": "string",
                "description": "How the system processes a request that triggers a security policy violation",
                "description_kind": "plain",
                "optional": true
              },
              "id": {
                "type": "string",
                "description_kind": "plain",
                "optional": true,
                "computed": true
              },
              "modifications": {
                "type": [
                  "list",
                  "string"
                ],
                "description": " the modifications section includes actions that modify the declarative policy as it is defined in the adjustments section. The modifications section is updated manually, with the changes generally driven by the learning suggestions provided by the BIG-IP.",
                "description_kind": "plain",
                "optional": true
              },
              "name": {
                "type": "string",
                "description": "The unique user-given name of the policy. Policy names cannot contain spaces or special characters. Allowed characters are a-z, A-Z, 0-9, dot, dash (-), colon (:) and underscore (_)",
                "description_kind": "plain",
                "required": true
              },
              "open_api_files": {
                "type": [
                  "list",
                  "string"
                ],
                "description": "This section defines the Link for open api files on the policy.",
                "description_kind": "plain",
                "optional": true
              },
              "parameters": {
                "type": [
                  "list",
                  "string"
                ],
                "description": "This section defines parameters that the security policy permits in requests.",
                "description_kind": "plain",
                "optional": true
              },
              "partition": {
                "type": "string",
                "description": "Partition of WAF policy",
                "description_kind": "plain",
                "optional": true
              },
              "policy_export_json": {
                "type": "string",
                "description": "The payload of the WAF Policy to be EXPORTED from BIGIP to OUTPUT",
                "description_kind": "plain",
                "computed": true
              },
              "policy_id": {
                "type": "string",
                "description_kind": "plain",
                "optional": true,
                "computed": true
              },
              "policy_import_json": {
                "type": "string",
                "description": "The payload of the WAF Policy to be used for IMPORT on to BIGIP",
                "description_kind": "plain",
                "optional": true
              },
              "protocol_independent": {
                "type": "bool",
                "description": "When creating a security policy, you can determine whether a security policy differentiates between HTTP and HTTPS URLs. If enabled, the security policy differentiates between HTTP and HTTPS URLs. If disabled, the security policy configures URLs without specifying a specific protocol. This is useful for applications that behave the same for HTTP and HTTPS, and it keeps the security policy from including the same URL twice.",
                "description_kind": "plain",
                "optional": true
              },
              "server_technologies": {
                "type": [
                  "list",
                  "string"
                ],
                "description": "The server technology is a server-side application, framework, web server or operating system type that is configured in the policy in order to adapt the policy to the checks needed for the respective technology.",
                "description_kind": "plain",
                "optional": true
              },
              "signature_sets": {
                "type": [
                  "list",
                  "string"
                ],
                "description": "Defines behavior when signatures found within a signature-set are detected in a request. Settings are culmulative, so if a signature is found in any set with block enabled, that signature will have block enabled.",
                "description_kind": "plain",
                "optional": true
              },
              "signatures": {
                "type": [
                  "list",
                  "string"
                ],
                "description": "This section defines the properties of a signature on the policy.",
                "description_kind": "plain",
                "optional": true
              },
              "template_link": {
                "type": "string",
                "description": "Specifies the Link of the template used for the policy creation.",
                "description_kind": "plain",
                "optional": true
              },
              "template_name": {
                "type": "string",
                "description": "Specifies the name of the template used for the policy creation.",
                "description_kind": "plain",
                "required": true
              },
              "type": {
                "type": "string",
                "description": "The type of policy you want to create. The default policy type is Security.",
                "description_kind": "plain",
                "optional": true
              },
              "urls": {
                "type": [
                  "list",
                  "string"
                ],
                "description": "In a security policy, you can manually specify the HTTP URLs that are allowed (or disallowed) in traffic to the web application being protected. If you are using automatic policy building (and the policy includes learning URLs), the system can determine which URLs to add, based on legitimate traffic.",
                "description_kind": "plain",
                "optional": true
              }
            },
            "block_types": {
              "file_types": {
                "nesting_mode": "set",
                "block": {
                  "attributes": {
                    "allowed": {
                      "type": "bool",
                      "description": "Determines whether the file type is allowed or disallowed. In either of these cases the VIOL_FILETYPE violation is issued (if enabled) for an incoming request- \n 1. No allowed file type matched the file type of the request. \n 2. The file type of the request matched a disallowed file type",
                      "description_kind": "plain",
                      "optional": true
                    },
                    "name": {
                      "type": "string",
                      "description_kind": "plain",
                      "optional": true
                    },
                    "type": {
                      "type": "string",
                      "description_kind": "plain",
                      "optional": true
                    }
                  },
                  "description": "file_types settings for policy",
                  "description_kind": "plain"
                }
              },
              "graphql_profiles": {
                "nesting_mode": "set",
                "block": {
                  "attributes": {
                    "attack_signatures_check": {
                      "type": "bool",
                      "description": "Specifies when checked (enabled) that you want attack signatures and threat campaigns to be detected on this GraphQL profile and possibly override the security policy settings of an attack signature or threat campaign specifically for this GraphQL profile. After you enable this setting, the system displays a list of attack signatures and and threat campaigns. The default is enabled",
                      "description_kind": "plain",
                      "optional": true
                    },
                    "metachar_elementcheck": {
                      "type": "bool",
                      "description": "Specifies when checked (enabled) that the system enforces the security policy settings of a meta character for the GraphQL profile. After you enable this setting, the system displays a list of meta characters. The default is enabled",
                      "description_kind": "plain",
                      "optional": true
                    },
                    "name": {
                      "type": "string",
                      "description": "Specifies the unique name of the GraphQL profile you are creating or editing",
                      "description_kind": "plain",
                      "required": true
                    }
                  },
                  "block_types": {
                    "defense_attributes": {
                      "nesting_mode": "set",
                      "block": {
                        "attributes": {
                          "allow_introspection_queries": {
                            "type": "bool",
                            "description": "Introspection queries can also be enforced to prevent attackers from using them to\nunderstand the API structure and potentially breach an application",
                            "description_kind": "plain",
                            "optional": true
                          },
                          "maximum_batched_queries": {
                            "type": "string",
                            "description": "Specifies the highest number of batched queries allowed by the security policy. The default setting is 10",
                            "description_kind": "plain",
                            "optional": true
                          },
                          "maximum_structure_depth": {
                            "type": "string",
                            "description": "Specifies the greatest nesting depth found in the GraphQL structure allowed by the security policy. The default setting is a specified depth of 10.",
                            "description_kind": "plain",
                            "optional": true
                          },
                          "maximum_total_length": {
                            "type": "string",
                            "description": "Specifies the longest length, in bytes, allowed by the security policy of the request payload, or parameter value, where the GraphQL data was found. The default setting is a specified length of 100000 bytes",
                            "description_kind": "plain",
                            "optional": true
                          },
                          "maximum_value_length": {
                            "type": "string",
                            "description": "Specifies the longest length (in bytes) of the longest GraphQL element value in the document allowed by the security policy. The default setting is a specified length of 10000 bytes",
                            "description_kind": "plain",
                            "optional": true
                          },
                          "tolerate_parsing_warnings": {
                            "type": "bool",
                            "description": "Specifies, when checked (enabled), that the system does not report when the security enforcer encounters warnings while parsing GraphQL content. Specifies when cleared (disabled), that the security policy reports when the security enforcer encounters warnings while parsing GraphQL content. The default setting is disabled",
                            "description_kind": "plain",
                            "optional": true
                          }
                        },
                        "description": "defense_attributes settings for policy",
                        "description_kind": "plain"
                      }
                    }
                  },
                  "description": "graphql_profile settings for policy",
                  "description_kind": "plain"
                }
              },
              "host_names": {
                "nesting_mode": "set",
                "block": {
                  "attributes": {
                    "name": {
                      "type": "string",
                      "description_kind": "plain",
                      "optional": true
                    }
                  },
                  "description": "specify the list of host name that is used to access the application",
                  "description_kind": "plain"
                }
              },
              "ip_exceptions": {
                "nesting_mode": "set",
                "block": {
                  "attributes": {
                    "block_requests": {
                      "type": "string",
                      "description_kind": "plain",
                      "optional": true
                    },
                    "description": {
                      "type": "string",
                      "description": "Specifies a brief description of the IP address",
                      "description_kind": "plain",
                      "optional": true
                    },
                    "ignore_anomalies": {
                      "type": "bool",
                      "description": "Specifies when enabled that the system considers this IP address legitimate and does not take it into account when performing brute force prevention",
                      "description_kind": "plain",
                      "optional": true
                    },
                    "ignore_ipreputation": {
                      "type": "bool",
                      "description": "Specifies when enabled that the system considers this IP address legitimate even if it is found in the IP Intelligence database (a database of questionable IP addresses)",
                      "description_kind": "plain",
                      "optional": true
                    },
                    "ip_address": {
                      "type": "string",
                      "description": "Specifies the IP address that you want the system to trust",
                      "description_kind": "plain",
                      "required": true
                    },
                    "ip_mask": {
                      "type": "string",
                      "description": "Specifies the netmask of the exceptional IP address. This is an optional field",
                      "description_kind": "plain",
                      "required": true
                    },
                    "trustedby_policybuilder": {
                      "type": "bool",
                      "description": "Specifies when enabled the Policy Builder considers traffic from this IP address as being safe",
                      "description_kind": "plain",
                      "optional": true
                    }
                  },
                  "description": "An IP address exception is an IP address that you want the system to treat in a specific way for a security policy. For example, you can specify IP addresses from which the system should always trust traffic, IP addresses for which you do not want the system to generate learning suggestions for the traffic, and IP addresses for which you want to exclude information from the logs",
                  "description_kind": "plain"
                }
              },
              "policy_builder": {
                "nesting_mode": "set",
                "block": {
                  "attributes": {
                    "learning_mode": {
                      "type": "string",
                      "description_kind": "plain",
                      "optional": true
                    }
                  },
                  "description": "policy-builder settings for policy",
                  "description_kind": "plain"
                }
              },
              "signatures_settings": {
                "nesting_mode": "set",
                "block": {
                  "attributes": {
                    "placesignatures_in_staging": {
                      "type": "bool",
                      "description_kind": "plain",
                      "optional": true
                    },
                    "signature_staging": {
                      "type": "bool",
                      "description": "setting true will enforce all signature from staging",
                      "description_kind": "plain",
                      "optional": true
                    }
                  },
                  "description": "bulk signature setting",
                  "description_kind": "plain"
                }
              }
            },
            "description_kind": "plain"
          }
        }
      },
      "data_source_schemas": {
        "bigip_fast_aws_service_discovery": {
          "version": 0,
          "block": {
            "attributes": {
              "address_realm": {
                "type": "string",
                "description": "Specifies whether to look for public or private IP addresses",
                "description_kind": "plain",
                "optional": true
              },
              "aws_access_key": {
                "type": "string",
                "description": "Information for discovering AWS nodes that are not in the same region as your BIG-IP (also requires the `aws_secret_access_key` field)",
                "description_kind": "plain",
                "optional": true,
                "sensitive": true
              },
              "aws_region": {
                "type": "string",
                "description": "Empty string (`default`) means region in which ADC is running",
                "description_kind": "plain",
                "optional": true,
                "computed": true
              },
              "aws_sd_json": {
                "type": "string",
                "description": "The JSON for AWS service discovery block",
                "description_kind": "plain",
                "computed": true
              },
              "aws_secret_access_key": {
                "type": "string",
                "description_kind": "plain",
                "optional": true,
                "sensitive": true
              },
              "credential_update": {
                "type": "bool",
                "description": "Specifies whether you are updating your credentials",
                "description_kind": "plain",
                "optional": true
              },
              "external_id": {
                "type": "string",
                "description_kind": "plain",
                "optional": true,
                "computed": true
              },
              "id": {
                "type": "string",
                "description_kind": "plain",
                "optional": true,
                "computed": true
              },
              "minimum_monitors": {
                "type": "string",
                "description_kind": "plain",
                "optional": true
              },
              "port": {
                "type": "number",
                "description_kind": "plain",
                "optional": true
              },
              "role_arn": {
                "type": "string",
                "description": "Assume a role (also requires the externalId field)",
                "description_kind": "plain",
                "optional": true,
                "computed": true
              },
              "tag_key": {
                "type": "string",
                "description": "The tag key associated with the node to add to this pool",
                "description_kind": "plain",
                "required": true
              },
              "tag_value": {
                "type": "string",
                "description": "The tag value associated with the node to add to this pool",
                "description_kind": "plain",
                "required": true
              },
              "type": {
                "type": "string",
                "description_kind": "plain",
                "optional": true
              },
              "undetectable_action": {
                "type": "string",
                "description": "Action to take when node cannot be detected",
                "description_kind": "plain",
                "optional": true
              },
              "update_interval": {
                "type": "string",
                "description_kind": "plain",
                "optional": true
              }
            },
            "description_kind": "plain"
          }
        },
        "bigip_fast_azure_service_discovery": {
          "version": 0,
          "block": {
            "attributes": {
              "address_realm": {
                "type": "string",
                "description": "Specifies whether to look for public or private IP addresses",
                "description_kind": "plain",
                "optional": true
              },
              "azure_sd_json": {
                "type": "string",
                "description": "The JSON for Azure service discovery block",
                "description_kind": "plain",
                "computed": true
              },
              "credential_update": {
                "type": "bool",
                "description": "Specifies whether you are updating your credentials",
                "description_kind": "plain",
                "optional": true
              },
              "id": {
                "type": "string",
                "description_kind": "plain",
                "optional": true,
                "computed": true
              },
              "minimum_monitors": {
                "type": "string",
                "description_kind": "plain",
                "optional": true
              },
              "port": {
                "type": "number",
                "description_kind": "plain",
                "optional": true
              },
              "resource_group": {
                "type": "string",
                "description": "Name of Azure Resource group where Nodes reside",
                "description_kind": "plain",
                "required": true
              },
              "subscription_id": {
                "type": "string",
                "description": "Id of Azure Subscription Nodes",
                "description_kind": "plain",
                "required": true
              },
              "tag_key": {
                "type": "string",
                "description_kind": "plain",
                "optional": true
              },
              "tag_value": {
                "type": "string",
                "description_kind": "plain",
                "optional": true
              },
              "type": {
                "type": "string",
                "description_kind": "plain",
                "optional": true
              },
              "undetectable_action": {
                "type": "string",
                "description": "Action to take when node cannot be detected",
                "description_kind": "plain",
                "optional": true
              },
              "update_interval": {
                "type": "string",
                "description_kind": "plain",
                "optional": true
              }
            },
            "description_kind": "plain"
          }
        },
        "bigip_fast_consul_service_discovery": {
          "version": 0,
          "block": {
            "attributes": {
              "address_realm": {
                "type": "string",
                "description": "Specifies whether to look for public or private IP addresses",
                "description_kind": "plain",
                "optional": true
              },
              "consul_sd_json": {
                "type": "string",
                "description": "The JSON for Consul service discovery block",
                "description_kind": "plain",
                "computed": true
              },
              "credential_update": {
                "type": "bool",
                "description": "Specifies whether you are updating your credentials",
                "description_kind": "plain",
                "optional": true
              },
              "encoded_token": {
                "type": "string",
                "description": "Base 64 encoded bearer token to make requests to the Consul API. Will be stored in the declaration in an encrypted format.",
                "description_kind": "plain",
                "optional": true
              },
              "id": {
                "type": "string",
                "description_kind": "plain",
                "optional": true,
                "computed": true
              },
              "jmes_path_query": {
                "type": "string",
                "description": "Custom JMESPath Query",
                "description_kind": "plain",
                "optional": true
              },
              "minimum_monitors": {
                "type": "string",
                "description_kind": "plain",
                "optional": true
              },
              "port": {
                "type": "number",
                "description_kind": "plain",
                "required": true
              },
              "reject_unauthorized": {
                "type": "bool",
                "description": "If true, the server certificate is verified against the list of supplied/default CAs when making requests to the Consul API.",
                "description_kind": "plain",
                "optional": true
              },
              "trust_ca": {
                "type": "string",
                "description": "CA Bundle to validate server certificates",
                "description_kind": "plain",
                "optional": true
              },
              "type": {
                "type": "string",
                "description_kind": "plain",
                "optional": true
              },
              "undetectable_action": {
                "type": "string",
                "description": "Action to take when node cannot be detected",
                "description_kind": "plain",
                "optional": true
              },
              "update_interval": {
                "type": "string",
                "description_kind": "plain",
                "optional": true
              },
              "uri": {
                "type": "string",
                "description": "The location of the node data",
                "description_kind": "plain",
                "required": true
              }
            },
            "description_kind": "plain"
          }
        },
        "bigip_fast_gce_service_discovery": {
          "version": 0,
          "block": {
            "attributes": {
              "address_realm": {
                "type": "string",
                "description": "Specifies whether to look for public or private IP addresses",
                "description_kind": "plain",
                "optional": true
              },
              "credential_update": {
                "type": "bool",
                "description": "Specifies whether you are updating your credentials",
                "description_kind": "plain",
                "optional": true
              },
              "encoded_credentials": {
                "type": "string",
                "description_kind": "plain",
                "optional": true
              },
              "gce_sd_json": {
                "type": "string",
                "description": "The JSON for Consul service discovery block",
                "description_kind": "plain",
                "computed": true
              },
              "id": {
                "type": "string",
                "description_kind": "plain",
                "optional": true,
                "computed": true
              },
              "minimum_monitors": {
                "type": "string",
                "description_kind": "plain",
                "optional": true
              },
              "port": {
                "type": "number",
                "description_kind": "plain",
                "optional": true
              },
              "project_id": {
                "type": "string",
                "description_kind": "plain",
                "optional": true
              },
              "region": {
                "type": "string",
                "description_kind": "plain",
                "required": true
              },
              "tag_key": {
                "type": "string",
                "description_kind": "plain",
                "required": true
              },
              "tag_value": {
                "type": "string",
                "description_kind": "plain",
                "required": true
              },
              "type": {
                "type": "string",
                "description_kind": "plain",
                "optional": true
              },
              "undetectable_action": {
                "type": "string",
                "description": "Action to take when node cannot be detected",
                "description_kind": "plain",
                "optional": true
              },
              "update_interval": {
                "type": "string",
                "description_kind": "plain",
                "optional": true
              }
            },
            "description_kind": "plain"
          }
        },
        "bigip_ltm_datagroup": {
          "version": 0,
          "block": {
            "attributes": {
              "id": {
                "type": "string",
                "description_kind": "plain",
                "optional": true,
                "computed": true
              },
              "name": {
                "type": "string",
                "description": "Name of the Data Group List",
                "description_kind": "plain",
                "required": true
              },
              "partition": {
                "type": "string",
                "description": "partition of resource group",
                "description_kind": "plain",
                "required": true
              },
              "type": {
                "type": "string",
                "description": "The Data Group type (string, ip, integer)",
                "description_kind": "plain",
                "optional": true,
                "computed": true
              }
            },
            "block_types": {
              "record": {
                "nesting_mode": "set",
                "block": {
                  "attributes": {
                    "data": {
                      "type": "string",
                      "description_kind": "plain",
                      "optional": true
                    },
                    "name": {
                      "type": "string",
                      "description_kind": "plain",
                      "required": true
                    }
                  },
                  "description_kind": "plain"
                }
              }
            },
            "description_kind": "plain"
          }
        },
        "bigip_ltm_irule": {
          "version": 0,
          "block": {
            "attributes": {
              "id": {
                "type": "string",
                "description_kind": "plain",
                "optional": true,
                "computed": true
              },
              "irule": {
                "type": "string",
                "description": "The iRule body",
                "description_kind": "plain",
                "optional": true
              },
              "name": {
                "type": "string",
                "description": "Name of the irule",
                "description_kind": "plain",
                "required": true
              },
              "partition": {
                "type": "string",
                "description": "partition of resource group",
                "description_kind": "plain",
                "required": true
              }
            },
            "description_kind": "plain"
          }
        },
        "bigip_ltm_monitor": {
          "version": 0,
          "block": {
            "attributes": {
              "adaptive": {
                "type": "string",
                "description": "ftp adaptive",
                "description_kind": "plain",
                "computed": true
              },
              "adaptive_limit": {
                "type": "number",
                "description": "Integer value",
                "description_kind": "plain",
                "computed": true
              },
              "database": {
                "type": "string",
                "description": "the database in which your user is created",
                "description_kind": "plain",
                "computed": true
              },
              "defaults_from": {
                "type": "string",
                "description": "Existing monitor to inherit from. Must be one of /Common/http, /Common/https, /Common/icmp, /Common/gateway-icmp or /Common/tcp-half-open.",
                "description_kind": "plain",
                "computed": true
              },
              "destination": {
                "type": "string",
                "description": "Alias for the destination",
                "description_kind": "plain",
                "computed": true
              },
              "filename": {
                "type": "string",
                "description": "Specifies the full path and file name of the file that the system attempts to download. The health check is successful if the system can download the file.",
                "description_kind": "plain",
                "computed": true
              },
              "id": {
                "type": "string",
                "description_kind": "plain",
                "optional": true,
                "computed": true
              },
              "interval": {
                "type": "number",
                "description_kind": "plain",
                "computed": true
              },
              "ip_dscp": {
                "type": "number",
                "description_kind": "plain",
                "computed": true
              },
              "manual_resume": {
                "type": "string",
                "description_kind": "plain",
                "computed": true
              },
              "mode": {
                "type": "string",
                "description": "Specifies the data transfer process (DTP) mode. The default value is passive.",
                "description_kind": "plain",
                "computed": true
              },
              "name": {
                "type": "string",
                "description": "Name of the LTM Monitor",
                "description_kind": "plain",
                "required": true
              },
              "partition": {
                "type": "string",
                "description": "partition of LTM Monitor",
                "description_kind": "plain",
                "required": true
              },
              "receive_disable": {
                "type": "string",
                "description": "Expected response string.",
                "description_kind": "plain",
                "computed": true
              },
              "reverse": {
                "type": "string",
                "description_kind": "plain",
                "computed": true
              },
              "time_until_up": {
                "type": "number",
                "description": "Time in seconds",
                "description_kind": "plain",
                "computed": true
              },
              "timeout": {
                "type": "number",
                "description_kind": "plain",
                "computed": true
              },
              "transparent": {
                "type": "string",
                "description_kind": "plain",
                "computed": true
              },
              "username": {
                "type": "string",
                "description": "Specifies the user name if the monitored target requires authentication",
                "description_kind": "plain",
                "computed": true
              }
            },
            "description_kind": "plain"
          }
        },
        "bigip_ltm_node": {
          "version": 0,
          "block": {
            "attributes": {
              "address": {
                "type": "string",
                "description": "IP address of the node of the node.",
                "description_kind": "plain",
                "optional": true
              },
              "connection_limit": {
                "type": "number",
                "description": "Node connection limit.",
                "description_kind": "plain",
                "computed": true
              },
              "description": {
                "type": "string",
                "description": "User defined description of the node.",
                "description_kind": "plain",
                "optional": true
              },
              "dynamic_ratio": {
                "type": "number",
                "description": "The dynamic ratio number for the node.",
                "description_kind": "plain",
                "computed": true
              },
              "full_path": {
                "type": "string",
                "description": "Full path of the node (partition and name)",
                "description_kind": "plain",
                "optional": true
              },
              "id": {
                "type": "string",
                "description_kind": "plain",
                "optional": true,
                "computed": true
              },
              "monitor": {
                "type": "string",
                "description": "Specifies the health monitors the system currently uses to monitor this node.",
                "description_kind": "plain",
                "computed": true
              },
              "name": {
                "type": "string",
                "description": "Name of the node.",
                "description_kind": "plain",
                "required": true
              },
              "partition": {
                "type": "string",
                "description": "Partition of resource group",
                "description_kind": "plain",
                "required": true
              },
              "rate_limit": {
                "type": "string",
                "description": "Node rate limit.",
                "description_kind": "plain",
                "computed": true
              },
              "ratio": {
                "type": "number",
                "description": "Node ratio weight.",
                "description_kind": "plain",
                "computed": true
              },
              "session": {
                "type": "string",
                "description": "Enables or disables the node for new sessions.",
                "description_kind": "plain",
                "computed": true
              },
              "state": {
                "type": "string",
                "description": "The current state of the node.",
                "description_kind": "plain",
                "computed": true
              }
            },
            "block_types": {
              "fqdn": {
                "nesting_mode": "list",
                "block": {
                  "attributes": {
                    "address_family": {
                      "type": "string",
                      "description": "The FQDN node's address family.",
                      "description_kind": "plain",
                      "optional": true
                    },
                    "autopopulate": {
                      "type": "string",
                      "description": "Specifies if the node should scale to the IP address set returned by DNS.",
                      "description_kind": "plain",
                      "optional": true,
                      "computed": true
                    },
                    "downinterval": {
                      "type": "number",
                      "description": "The number of attempts to resolve a domain name.",
                      "description_kind": "plain",
                      "optional": true,
                      "computed": true
                    },
                    "interval": {
                      "type": "string",
                      "description": "The amount of time before sending the next DNS query.",
                      "description_kind": "plain",
                      "optional": true,
                      "computed": true
                    },
                    "name": {
                      "type": "string",
                      "description": "The fully qualified domain name of the node.",
                      "description_kind": "plain",
                      "optional": true
                    }
                  },
                  "description_kind": "plain"
                },
                "max_items": 1
              }
            },
            "description_kind": "plain"
          }
        },
        "bigip_ltm_policy": {
          "version": 0,
          "block": {
            "attributes": {
              "controls": {
                "type": [
                  "set",
                  "string"
                ],
                "description_kind": "plain",
                "optional": true
              },
              "id": {
                "type": "string",
                "description_kind": "plain",
                "optional": true,
                "computed": true
              },
              "name": {
                "type": "string",
                "description": "Name of the Policy",
                "description_kind": "plain",
                "required": true
              },
              "published_copy": {
                "type": "string",
                "description": "Publish the Policy",
                "description_kind": "plain",
                "optional": true
              },
              "requires": {
                "type": [
                  "set",
                  "string"
                ],
                "description_kind": "plain",
                "optional": true
              },
              "strategy": {
                "type": "string",
                "description": "Policy Strategy (i.e. /Common/first-match)",
                "description_kind": "plain",
                "optional": true
              }
            },
            "block_types": {
              "rule": {
                "nesting_mode": "list",
                "block": {
                  "attributes": {
                    "name": {
                      "type": "string",
                      "description": "Rule name",
                      "description_kind": "plain",
                      "required": true
                    }
                  },
                  "block_types": {
                    "action": {
                      "nesting_mode": "list",
                      "block": {
                        "attributes": {
                          "app_service": {
                            "type": "string",
                            "description_kind": "plain",
                            "optional": true,
                            "computed": true
                          },
                          "application": {
                            "type": "string",
                            "description_kind": "plain",
                            "optional": true,
                            "computed": true
                          },
                          "asm": {
                            "type": "bool",
                            "description_kind": "plain",
                            "optional": true,
                            "computed": true
                          },
                          "avr": {
                            "type": "bool",
                            "description_kind": "plain",
                            "optional": true,
                            "computed": true
                          },
                          "cache": {
                            "type": "bool",
                            "description_kind": "plain",
                            "optional": true,
                            "computed": true
                          },
                          "carp": {
                            "type": "bool",
                            "description_kind": "plain",
                            "optional": true,
                            "computed": true
                          },
                          "category": {
                            "type": "string",
                            "description_kind": "plain",
                            "optional": true,
                            "computed": true
                          },
                          "classify": {
                            "type": "bool",
                            "description_kind": "plain",
                            "optional": true,
                            "computed": true
                          },
                          "clone_pool": {
                            "type": "string",
                            "description_kind": "plain",
                            "optional": true,
                            "computed": true
                          },
                          "code": {
                            "type": "number",
                            "description_kind": "plain",
                            "optional": true,
                            "computed": true
                          },
                          "compress": {
                            "type": "bool",
                            "description_kind": "plain",
                            "optional": true,
                            "computed": true
                          },
                          "connection": {
                            "type": "bool",
                            "description_kind": "plain",
                            "optional": true,
                            "computed": true
                          },
                          "content": {
                            "type": "string",
                            "description_kind": "plain",
                            "optional": true,
                            "computed": true
                          },
                          "cookie_hash": {
                            "type": "bool",
                            "description_kind": "plain",
                            "optional": true,
                            "computed": true
                          },
                          "cookie_insert": {
                            "type": "bool",
                            "description_kind": "plain",
                            "optional": true,
                            "computed": true
                          },
                          "cookie_passive": {
                            "type": "bool",
                            "description_kind": "plain",
                            "optional": true,
                            "computed": true
                          },
                          "cookie_rewrite": {
                            "type": "bool",
                            "description_kind": "plain",
                            "optional": true,
                            "computed": true
                          },
                          "decompress": {
                            "type": "bool",
                            "description_kind": "plain",
                            "optional": true,
                            "computed": true
                          },
                          "defer": {
                            "type": "bool",
                            "description_kind": "plain",
                            "optional": true,
                            "computed": true
                          },
                          "destination_address": {
                            "type": "bool",
                            "description_kind": "plain",
                            "optional": true,
                            "computed": true
                          },
                          "disable": {
                            "type": "bool",
                            "description_kind": "plain",
                            "optional": true,
                            "computed": true
                          },
                          "domain": {
                            "type": "string",
                            "description_kind": "plain",
                            "optional": true,
                            "computed": true
                          },
                          "enable": {
                            "type": "bool",
                            "description_kind": "plain",
                            "optional": true,
                            "computed": true
                          },
                          "expiry": {
                            "type": "string",
                            "description_kind": "plain",
                            "optional": true,
                            "computed": true
                          },
                          "expiry_secs": {
                            "type": "number",
                            "description_kind": "plain",
                            "optional": true,
                            "computed": true
                          },
                          "expression": {
                            "type": "string",
                            "description_kind": "plain",
                            "optional": true,
                            "computed": true
                          },
                          "extension": {
                            "type": "string",
                            "description_kind": "plain",
                            "optional": true,
                            "computed": true
                          },
                          "facility": {
                            "type": "string",
                            "description_kind": "plain",
                            "optional": true,
                            "computed": true
                          },
                          "forward": {
                            "type": "bool",
                            "description_kind": "plain",
                            "optional": true
                          },
                          "from_profile": {
                            "type": "string",
                            "description_kind": "plain",
                            "optional": true,
                            "computed": true
                          },
                          "hash": {
                            "type": "bool",
                            "description_kind": "plain",
                            "optional": true,
                            "computed": true
                          },
                          "host": {
                            "type": "string",
                            "description_kind": "plain",
                            "optional": true,
                            "computed": true
                          },
                          "http": {
                            "type": "bool",
                            "description_kind": "plain",
                            "optional": true,
                            "computed": true
                          },
                          "http_basic_auth": {
                            "type": "bool",
                            "description_kind": "plain",
                            "optional": true,
                            "computed": true
                          },
                          "http_cookie": {
                            "type": "bool",
                            "description_kind": "plain",
                            "optional": true,
                            "computed": true
                          },
                          "http_header": {
                            "type": "bool",
                            "description_kind": "plain",
                            "optional": true,
                            "computed": true
                          },
                          "http_host": {
                            "type": "bool",
                            "description_kind": "plain",
                            "optional": true
                          },
                          "http_referer": {
                            "type": "bool",
                            "description_kind": "plain",
                            "optional": true,
                            "computed": true
                          },
                          "http_reply": {
                            "type": "bool",
                            "description_kind": "plain",
                            "optional": true,
                            "computed": true
                          },
                          "http_set_cookie": {
                            "type": "bool",
                            "description_kind": "plain",
                            "optional": true,
                            "computed": true
                          },
                          "http_uri": {
                            "type": "bool",
                            "description_kind": "plain",
                            "optional": true,
                            "computed": true
                          },
                          "ifile": {
                            "type": "string",
                            "description_kind": "plain",
                            "optional": true,
                            "computed": true
                          },
                          "insert": {
                            "type": "bool",
                            "description_kind": "plain",
                            "optional": true,
                            "computed": true
                          },
                          "internal_virtual": {
                            "type": "string",
                            "description_kind": "plain",
                            "optional": true,
                            "computed": true
                          },
                          "ip_address": {
                            "type": "string",
                            "description_kind": "plain",
                            "optional": true,
                            "computed": true
                          },
                          "key": {
                            "type": "string",
                            "description_kind": "plain",
                            "optional": true,
                            "computed": true
                          },
                          "l7dos": {
                            "type": "bool",
                            "description_kind": "plain",
                            "optional": true,
                            "computed": true
                          },
                          "length": {
                            "type": "number",
                            "description_kind": "plain",
                            "optional": true,
                            "computed": true
                          },
                          "location": {
                            "type": "string",
                            "description_kind": "plain",
                            "optional": true,
                            "computed": true
                          },
                          "log": {
                            "type": "bool",
                            "description_kind": "plain",
                            "optional": true,
                            "computed": true
                          },
                          "ltm_policy": {
                            "type": "bool",
                            "description_kind": "plain",
                            "optional": true,
                            "computed": true
                          },
                          "member": {
                            "type": "string",
                            "description_kind": "plain",
                            "optional": true,
                            "computed": true
                          },
                          "message": {
                            "type": "string",
                            "description_kind": "plain",
                            "optional": true,
                            "computed": true
                          },
                          "netmask": {
                            "type": "string",
                            "description_kind": "plain",
                            "optional": true,
                            "computed": true
                          },
                          "nexthop": {
                            "type": "string",
                            "description_kind": "plain",
                            "optional": true,
                            "computed": true
                          },
                          "node": {
                            "type": "string",
                            "description_kind": "plain",
                            "optional": true,
                            "computed": true
                          },
                          "offset": {
                            "type": "number",
                            "description_kind": "plain",
                            "optional": true,
                            "computed": true
                          },
                          "path": {
                            "type": "string",
                            "description_kind": "plain",
                            "optional": true,
                            "computed": true
                          },
                          "pem": {
                            "type": "bool",
                            "description_kind": "plain",
                            "optional": true,
                            "computed": true
                          },
                          "persist": {
                            "type": "bool",
                            "description_kind": "plain",
                            "optional": true,
                            "computed": true
                          },
                          "pin": {
                            "type": "bool",
                            "description_kind": "plain",
                            "optional": true,
                            "computed": true
                          },
                          "policy": {
                            "type": "string",
                            "description_kind": "plain",
                            "optional": true,
                            "computed": true
                          },
                          "pool": {
                            "type": "string",
                            "description_kind": "plain",
                            "optional": true,
                            "computed": true
                          },
                          "port": {
                            "type": "number",
                            "description_kind": "plain",
                            "optional": true,
                            "computed": true
                          },
                          "priority": {
                            "type": "string",
                            "description_kind": "plain",
                            "optional": true,
                            "computed": true
                          },
                          "profile": {
                            "type": "string",
                            "description_kind": "plain",
                            "optional": true,
                            "computed": true
                          },
                          "protocol": {
                            "type": "string",
                            "description_kind": "plain",
                            "optional": true,
                            "computed": true
                          },
                          "query_string": {
                            "type": "string",
                            "description_kind": "plain",
                            "optional": true,
                            "computed": true
                          },
                          "rateclass": {
                            "type": "string",
                            "description_kind": "plain",
                            "optional": true,
                            "computed": true
                          },
                          "redirect": {
                            "type": "bool",
                            "description_kind": "plain",
                            "optional": true,
                            "computed": true
                          },
                          "remove": {
                            "type": "bool",
                            "description_kind": "plain",
                            "optional": true,
                            "computed": true
                          },
                          "replace": {
                            "type": "bool",
                            "description_kind": "plain",
                            "optional": true,
                            "computed": true
                          },
                          "request": {
                            "type": "bool",
                            "description_kind": "plain",
                            "optional": true,
                            "computed": true
                          },
                          "request_adapt": {
                            "type": "bool",
                            "description_kind": "plain",
                            "optional": true,
                            "computed": true
                          },
                          "reset": {
                            "type": "bool",
                            "description_kind": "plain",
                            "optional": true,
                            "computed": true
                          },
                          "response": {
                            "type": "bool",
                            "description_kind": "plain",
                            "optional": true,
                            "computed": true
                          },
                          "response_adapt": {
                            "type": "bool",
                            "description_kind": "plain",
                            "optional": true,
                            "computed": true
                          },
                          "scheme": {
                            "type": "string",
                            "description_kind": "plain",
                            "optional": true,
                            "computed": true
                          },
                          "script": {
                            "type": "string",
                            "description_kind": "plain",
                            "optional": true,
                            "computed": true
                          },
                          "select": {
                            "type": "bool",
                            "description_kind": "plain",
                            "optional": true,
                            "computed": true
                          },
                          "server_ssl": {
                            "type": "bool",
                            "description_kind": "plain",
                            "optional": true,
                            "computed": true
                          },
                          "set_variable": {
                            "type": "bool",
                            "description_kind": "plain",
                            "optional": true,
                            "computed": true
                          },
                          "shutdown": {
                            "type": "bool",
                            "description_kind": "plain",
                            "optional": true,
                            "computed": true
                          },
                          "snat": {
                            "type": "string",
                            "description_kind": "plain",
                            "optional": true,
                            "computed": true
                          },
                          "snatpool": {
                            "type": "string",
                            "description_kind": "plain",
                            "optional": true,
                            "computed": true
                          },
                          "source_address": {
                            "type": "bool",
                            "description_kind": "plain",
                            "optional": true,
                            "computed": true
                          },
                          "ssl_client_hello": {
                            "type": "bool",
                            "description_kind": "plain",
                            "optional": true,
                            "computed": true
                          },
                          "ssl_server_handshake": {
                            "type": "bool",
                            "description_kind": "plain",
                            "optional": true,
                            "computed": true
                          },
                          "ssl_server_hello": {
                            "type": "bool",
                            "description_kind": "plain",
                            "optional": true,
                            "computed": true
                          },
                          "ssl_session_id": {
                            "type": "bool",
                            "description_kind": "plain",
                            "optional": true,
                            "computed": true
                          },
                          "status": {
                            "type": "number",
                            "description_kind": "plain",
                            "optional": true,
                            "computed": true
                          },
                          "tcl": {
                            "type": "bool",
                            "description_kind": "plain",
                            "optional": true,
                            "computed": true
                          },
                          "tcp_nagle": {
                            "type": "bool",
                            "description_kind": "plain",
                            "optional": true,
                            "computed": true
                          },
                          "text": {
                            "type": "string",
                            "description_kind": "plain",
                            "optional": true,
                            "computed": true
                          },
                          "timeout": {
                            "type": "number",
                            "description_kind": "plain",
                            "optional": true,
                            "computed": true
                          },
                          "tm_name": {
                            "type": "string",
                            "description_kind": "plain",
                            "optional": true,
                            "computed": true
                          },
                          "uie": {
                            "type": "bool",
                            "description_kind": "plain",
                            "optional": true,
                            "computed": true
                          },
                          "universal": {
                            "type": "bool",
                            "description_kind": "plain",
                            "optional": true,
                            "computed": true
                          },
                          "value": {
                            "type": "string",
                            "description_kind": "plain",
                            "optional": true,
                            "computed": true
                          },
                          "virtual": {
                            "type": "string",
                            "description_kind": "plain",
                            "optional": true,
                            "computed": true
                          },
                          "vlan": {
                            "type": "string",
                            "description_kind": "plain",
                            "optional": true,
                            "computed": true
                          },
                          "vlan_id": {
                            "type": "number",
                            "description_kind": "plain",
                            "optional": true,
                            "computed": true
                          },
                          "wam": {
                            "type": "bool",
                            "description_kind": "plain",
                            "optional": true,
                            "computed": true
                          },
                          "write": {
                            "type": "bool",
                            "description_kind": "plain",
                            "optional": true,
                            "computed": true
                          }
                        },
                        "description_kind": "plain"
                      }
                    },
                    "condition": {
                      "nesting_mode": "list",
                      "block": {
                        "attributes": {
                          "address": {
                            "type": "bool",
                            "description_kind": "plain",
                            "optional": true,
                            "computed": true
                          },
                          "all": {
                            "type": "bool",
                            "description_kind": "plain",
                            "optional": true,
                            "computed": true
                          },
                          "app_service": {
                            "type": "string",
                            "description_kind": "plain",
                            "optional": true,
                            "computed": true
                          },
                          "browser_type": {
                            "type": "bool",
                            "description_kind": "plain",
                            "optional": true,
                            "computed": true
                          },
                          "browser_version": {
                            "type": "bool",
                            "description_kind": "plain",
                            "optional": true,
                            "computed": true
                          },
                          "case_insensitive": {
                            "type": "bool",
                            "description_kind": "plain",
                            "optional": true,
                            "computed": true
                          },
                          "case_sensitive": {
                            "type": "bool",
                            "description_kind": "plain",
                            "optional": true,
                            "computed": true
                          },
                          "cipher": {
                            "type": "bool",
                            "description_kind": "plain",
                            "optional": true,
                            "computed": true
                          },
                          "cipher_bits": {
                            "type": "bool",
                            "description_kind": "plain",
                            "optional": true,
                            "computed": true
                          },
                          "client_ssl": {
                            "type": "bool",
                            "description_kind": "plain",
                            "optional": true,
                            "computed": true
                          },
                          "code": {
                            "type": "bool",
                            "description_kind": "plain",
                            "optional": true,
                            "computed": true
                          },
                          "common_name": {
                            "type": "bool",
                            "description_kind": "plain",
                            "optional": true,
                            "computed": true
                          },
                          "contains": {
                            "type": "bool",
                            "description_kind": "plain",
                            "optional": true,
                            "computed": true
                          },
                          "continent": {
                            "type": "bool",
                            "description_kind": "plain",
                            "optional": true,
                            "computed": true
                          },
                          "country_code": {
                            "type": "bool",
                            "description_kind": "plain",
                            "optional": true,
                            "computed": true
                          },
                          "country_name": {
                            "type": "bool",
                            "description_kind": "plain",
                            "optional": true,
                            "computed": true
                          },
                          "cpu_usage": {
                            "type": "bool",
                            "description_kind": "plain",
                            "optional": true,
                            "computed": true
                          },
                          "datagroup": {
                            "type": "string",
                            "description_kind": "plain",
                            "optional": true,
                            "computed": true
                          },
                          "device_make": {
                            "type": "bool",
                            "description_kind": "plain",
                            "optional": true,
                            "computed": true
                          },
                          "device_model": {
                            "type": "bool",
                            "description_kind": "plain",
                            "optional": true,
                            "computed": true
                          },
                          "domain": {
                            "type": "bool",
                            "description_kind": "plain",
                            "optional": true,
                            "computed": true
                          },
                          "ends_with": {
                            "type": "bool",
                            "description_kind": "plain",
                            "optional": true,
                            "computed": true
                          },
                          "equals": {
                            "type": "bool",
                            "description_kind": "plain",
                            "optional": true,
                            "computed": true
                          },
                          "expiry": {
                            "type": "bool",
                            "description_kind": "plain",
                            "optional": true,
                            "computed": true
                          },
                          "extension": {
                            "type": "bool",
                            "description_kind": "plain",
                            "optional": true,
                            "computed": true
                          },
                          "external": {
                            "type": "bool",
                            "description_kind": "plain",
                            "optional": true,
                            "computed": true
                          },
                          "geoip": {
                            "type": "bool",
                            "description_kind": "plain",
                            "optional": true,
                            "computed": true
                          },
                          "greater": {
                            "type": "bool",
                            "description_kind": "plain",
                            "optional": true,
                            "computed": true
                          },
                          "greater_or_equal": {
                            "type": "bool",
                            "description_kind": "plain",
                            "optional": true,
                            "computed": true
                          },
                          "host": {
                            "type": "bool",
                            "description_kind": "plain",
                            "optional": true,
                            "computed": true
                          },
                          "http_basic_auth": {
                            "type": "bool",
                            "description_kind": "plain",
                            "optional": true,
                            "computed": true
                          },
                          "http_cookie": {
                            "type": "bool",
                            "description_kind": "plain",
                            "optional": true,
                            "computed": true
                          },
                          "http_header": {
                            "type": "bool",
                            "description_kind": "plain",
                            "optional": true,
                            "computed": true
                          },
                          "http_host": {
                            "type": "bool",
                            "description_kind": "plain",
                            "optional": true,
                            "computed": true
                          },
                          "http_method": {
                            "type": "bool",
                            "description_kind": "plain",
                            "optional": true,
                            "computed": true
                          },
                          "http_referer": {
                            "type": "bool",
                            "description_kind": "plain",
                            "optional": true,
                            "computed": true
                          },
                          "http_set_cookie": {
                            "type": "bool",
                            "description_kind": "plain",
                            "optional": true,
                            "computed": true
                          },
                          "http_status": {
                            "type": "bool",
                            "description_kind": "plain",
                            "optional": true,
                            "computed": true
                          },
                          "http_uri": {
                            "type": "bool",
                            "description_kind": "plain",
                            "optional": true,
                            "computed": true
                          },
                          "http_user_agent": {
                            "type": "bool",
                            "description_kind": "plain",
                            "optional": true,
                            "computed": true
                          },
                          "http_version": {
                            "type": "bool",
                            "description_kind": "plain",
                            "optional": true,
                            "computed": true
                          },
                          "index": {
                            "type": "number",
                            "description_kind": "plain",
                            "optional": true,
                            "computed": true
                          },
                          "internal": {
                            "type": "bool",
                            "description_kind": "plain",
                            "optional": true,
                            "computed": true
                          },
                          "isp": {
                            "type": "bool",
                            "description_kind": "plain",
                            "optional": true,
                            "computed": true
                          },
                          "last_15secs": {
                            "type": "bool",
                            "description_kind": "plain",
                            "optional": true,
                            "computed": true
                          },
                          "last_1min": {
                            "type": "bool",
                            "description_kind": "plain",
                            "optional": true,
                            "computed": true
                          },
                          "last_5mins": {
                            "type": "bool",
                            "description_kind": "plain",
                            "optional": true,
                            "computed": true
                          },
                          "less": {
                            "type": "bool",
                            "description_kind": "plain",
                            "optional": true,
                            "computed": true
                          },
                          "less_or_equal": {
                            "type": "bool",
                            "description_kind": "plain",
                            "optional": true,
                            "computed": true
                          },
                          "local": {
                            "type": "bool",
                            "description_kind": "plain",
                            "optional": true,
                            "computed": true
                          },
                          "major": {
                            "type": "bool",
                            "description_kind": "plain",
                            "optional": true,
                            "computed": true
                          },
                          "matches": {
                            "type": "bool",
                            "description_kind": "plain",
                            "optional": true,
                            "computed": true
                          },
                          "minor": {
                            "type": "bool",
                            "description_kind": "plain",
                            "optional": true,
                            "computed": true
                          },
                          "missing": {
                            "type": "bool",
                            "description_kind": "plain",
                            "optional": true,
                            "computed": true
                          },
                          "mss": {
                            "type": "bool",
                            "description_kind": "plain",
                            "optional": true,
                            "computed": true
                          },
                          "not": {
                            "type": "bool",
                            "description_kind": "plain",
                            "optional": true,
                            "computed": true
                          },
                          "org": {
                            "type": "bool",
                            "description_kind": "plain",
                            "optional": true,
                            "computed": true
                          },
                          "password": {
                            "type": "bool",
                            "description_kind": "plain",
                            "optional": true,
                            "computed": true
                          },
                          "path": {
                            "type": "bool",
                            "description_kind": "plain",
                            "optional": true,
                            "computed": true
                          },
                          "path_segment": {
                            "type": "bool",
                            "description_kind": "plain",
                            "optional": true,
                            "computed": true
                          },
                          "port": {
                            "type": "bool",
                            "description_kind": "plain",
                            "optional": true,
                            "computed": true
                          },
                          "present": {
                            "type": "bool",
                            "description_kind": "plain",
                            "optional": true,
                            "computed": true
                          },
                          "protocol": {
                            "type": "bool",
                            "description_kind": "plain",
                            "optional": true,
                            "computed": true
                          },
                          "query_parameter": {
                            "type": "bool",
                            "description_kind": "plain",
                            "optional": true,
                            "computed": true
                          },
                          "query_string": {
                            "type": "bool",
                            "description_kind": "plain",
                            "optional": true,
                            "computed": true
                          },
                          "region_code": {
                            "type": "bool",
                            "description_kind": "plain",
                            "optional": true,
                            "computed": true
                          },
                          "region_name": {
                            "type": "bool",
                            "description_kind": "plain",
                            "optional": true,
                            "computed": true
                          },
                          "remote": {
                            "type": "bool",
                            "description_kind": "plain",
                            "optional": true,
                            "computed": true
                          },
                          "request": {
                            "type": "bool",
                            "description_kind": "plain",
                            "optional": true,
                            "computed": true
                          },
                          "response": {
                            "type": "bool",
                            "description_kind": "plain",
                            "optional": true,
                            "computed": true
                          },
                          "route_domain": {
                            "type": "bool",
                            "description_kind": "plain",
                            "optional": true,
                            "computed": true
                          },
                          "rtt": {
                            "type": "bool",
                            "description_kind": "plain",
                            "optional": true,
                            "computed": true
                          },
                          "scheme": {
                            "type": "bool",
                            "description_kind": "plain",
                            "optional": true,
                            "computed": true
                          },
                          "server_name": {
                            "type": "bool",
                            "description_kind": "plain",
                            "optional": true,
                            "computed": true
                          },
                          "ssl_cert": {
                            "type": "bool",
                            "description_kind": "plain",
                            "optional": true,
                            "computed": true
                          },
                          "ssl_client_hello": {
                            "type": "bool",
                            "description_kind": "plain",
                            "optional": true,
                            "computed": true
                          },
                          "ssl_extension": {
                            "type": "bool",
                            "description_kind": "plain",
                            "optional": true,
                            "computed": true
                          },
                          "ssl_server_handshake": {
                            "type": "bool",
                            "description_kind": "plain",
                            "optional": true,
                            "computed": true
                          },
                          "ssl_server_hello": {
                            "type": "bool",
                            "description_kind": "plain",
                            "optional": true,
                            "computed": true
                          },
                          "starts_with": {
                            "type": "bool",
                            "description_kind": "plain",
                            "optional": true,
                            "computed": true
                          },
                          "tcp": {
                            "type": "bool",
                            "description_kind": "plain",
                            "optional": true,
                            "computed": true
                          },
                          "text": {
                            "type": "bool",
                            "description_kind": "plain",
                            "optional": true,
                            "computed": true
                          },
                          "tm_name": {
                            "type": "string",
                            "description_kind": "plain",
                            "optional": true,
                            "computed": true
                          },
                          "unnamed_query_parameter": {
                            "type": "bool",
                            "description_kind": "plain",
                            "optional": true,
                            "computed": true
                          },
                          "user_agent_token": {
                            "type": "bool",
                            "description_kind": "plain",
                            "optional": true,
                            "computed": true
                          },
                          "username": {
                            "type": "bool",
                            "description_kind": "plain",
                            "optional": true,
                            "computed": true
                          },
                          "value": {
                            "type": "bool",
                            "description_kind": "plain",
                            "optional": true,
                            "computed": true
                          },
                          "values": {
                            "type": [
                              "list",
                              "string"
                            ],
                            "description_kind": "plain",
                            "optional": true,
                            "computed": true
                          },
                          "version": {
                            "type": "bool",
                            "description_kind": "plain",
                            "optional": true,
                            "computed": true
                          },
                          "vlan": {
                            "type": "bool",
                            "description_kind": "plain",
                            "optional": true,
                            "computed": true
                          },
                          "vlan_id": {
                            "type": "bool",
                            "description_kind": "plain",
                            "optional": true,
                            "computed": true
                          }
                        },
                        "description_kind": "plain"
                      }
                    }
                  },
                  "description_kind": "plain"
                }
              }
            },
            "description_kind": "plain"
          }
        },
        "bigip_ltm_pool": {
          "version": 0,
          "block": {
            "attributes": {
              "full_path": {
                "type": "string",
                "description": "The full path, if found.",
                "description_kind": "plain",
                "computed": true
              },
              "id": {
                "type": "string",
                "description_kind": "plain",
                "optional": true,
                "computed": true
              },
              "name": {
                "type": "string",
                "description": "Name of the certificate",
                "description_kind": "plain",
                "required": true
              },
              "partition": {
                "type": "string",
                "description": "partition of resource group",
                "description_kind": "plain",
                "required": true
              }
            },
            "description_kind": "plain"
          }
        },
        "bigip_ssl_certificate": {
          "version": 0,
          "block": {
            "attributes": {
              "certificate": {
                "type": "string",
                "description": "The certificate body",
                "description_kind": "plain",
                "computed": true
              },
              "id": {
                "type": "string",
                "description_kind": "plain",
                "optional": true,
                "computed": true
              },
              "name": {
                "type": "string",
                "description": "Name of the certificate",
                "description_kind": "plain",
                "required": true
              },
              "partition": {
                "type": "string",
                "description": "partition of resource group",
                "description_kind": "plain",
                "required": true
              }
            },
            "description_kind": "plain"
          }
        },
        "bigip_vwan_config": {
          "version": 0,
          "block": {
            "attributes": {
              "azure_vwan_name": {
                "type": "string",
                "description": "Name azure_vwan_name",
                "description_kind": "plain",
                "required": true
              },
              "azure_vwan_resourcegroup": {
                "type": "string",
                "description": "Name azure_vwan_resourcegroup",
                "description_kind": "plain",
                "required": true
              },
              "azure_vwan_vpnsite": {
                "type": "string",
                "description": "Name azure_vwan_vpnsite",
                "description_kind": "plain",
                "required": true
              },
              "bigip_gw_ip": {
                "type": "string",
                "description": "IP address of BIGIP GW to vwan will establish tunnel",
                "description_kind": "plain",
                "computed": true
              },
              "hub_address_space": {
                "type": "string",
                "description": "vWAN Hub address space",
                "description_kind": "plain",
                "computed": true
              },
              "hub_connected_subnets": {
                "type": [
                  "list",
                  "string"
                ],
                "description": "vWAN Hub connected subnets ",
                "description_kind": "plain",
                "computed": true
              },
              "id": {
                "type": "string",
                "description_kind": "plain",
                "optional": true,
                "computed": true
              },
              "preshared_key": {
                "type": "string",
                "description": "preshared_key used for establish tunnel",
                "description_kind": "plain",
                "computed": true,
                "sensitive": true
              },
              "vwan_gw_address": {
                "type": [
                  "list",
                  "string"
                ],
                "description": "IP address of vWAN GW  that will establish tunnel",
                "description_kind": "plain",
                "computed": true
              }
            },
            "description_kind": "plain"
          }
        },
        "bigip_waf_entity_parameter": {
          "version": 0,
          "block": {
            "attributes": {
              "allow_empty_type": {
                "type": "bool",
                "description": "Determines whether an empty value is allowed for a parameter.",
                "description_kind": "plain",
                "optional": true
              },
              "allow_repeated_parameter_name": {
                "type": "bool",
                "description": "Determines whether multiple parameter instances with the same name are allowed in one request.",
                "description_kind": "plain",
                "optional": true
              },
              "attack_signatures_check": {
                "type": "bool",
                "description": "Determines whether attack signatures and threat campaigns must be detected in a parameter's value.",
                "description_kind": "plain",
                "optional": true
              },
              "check_max_value_length": {
                "type": "bool",
                "description": "Determines whether a parameter has a restricted maximum length for value.",
                "description_kind": "plain",
                "optional": true
              },
              "check_min_value_length": {
                "type": "bool",
                "description": "Determines whether a parameter has a restricted minimum length for value.",
                "description_kind": "plain",
                "optional": true
              },
              "data_type": {
                "type": "string",
                "description": "Specifies data type of parameter's value.",
                "description_kind": "plain",
                "optional": true
              },
              "description": {
                "type": "string",
                "description": "Description of the entity parameter.",
                "description_kind": "plain",
                "optional": true
              },
              "enable_regular_expression": {
                "type": "bool",
                "description": "Determines whether the parameter value includes the pattern defined in regularExpression.",
                "description_kind": "plain",
                "optional": true
              },
              "id": {
                "type": "string",
                "description_kind": "plain",
                "optional": true,
                "computed": true
              },
              "is_base64": {
                "type": "bool",
                "description": "Determines whether a parameter’s value contains a Base64 encoded string.",
                "description_kind": "plain",
                "optional": true
              },
              "is_cookie": {
                "type": "bool",
                "description": "Determines whether a parameter is located in the value of Cookie header.",
                "description_kind": "plain",
                "optional": true
              },
              "is_header": {
                "type": "bool",
                "description": "Determines whether a parameter is located in headers as one of the headers.",
                "description_kind": "plain",
                "optional": true
              },
              "json": {
                "type": "string",
                "description": "The JSON for WAF Entity Parameter.",
                "description_kind": "plain",
                "optional": true,
                "computed": true
              },
              "level": {
                "type": "string",
                "description": "Specifies whether the parameter is associated with a URL, a flow, or neither.",
                "description_kind": "plain",
                "optional": true
              },
              "mandatory": {
                "type": "bool",
                "description": "Determines whether a parameter must exist in the request.",
                "description_kind": "plain",
                "optional": true
              },
              "metachars_on_parameter_value_check": {
                "type": "bool",
                "description": "Determines whether disallowed metacharacters must be detected in a parameter’s value.",
                "description_kind": "plain",
                "optional": true
              },
              "name": {
                "type": "string",
                "description": "Name of the Entity Parameter.",
                "description_kind": "plain",
                "required": true
              },
              "parameter_location": {
                "type": "string",
                "description": "Specifies location of parameter in request.",
                "description_kind": "plain",
                "optional": true
              },
              "perform_staging": {
                "type": "bool",
                "description": "Determines the staging state of a parameter.",
                "description_kind": "plain",
                "optional": true
              },
              "sensitive_parameter": {
                "type": "bool",
                "description": "Determines whether a parameter is sensitive and must be not visible in logs nor in the user interface.",
                "description_kind": "plain",
                "optional": true
              },
              "signature_overrides_disable": {
                "type": [
                  "list",
                  "number"
                ],
                "description": "List of Attack Signature Ids which are disabled for this particular parameter.",
                "description_kind": "plain",
                "optional": true
              },
              "type": {
                "type": "string",
                "description": "Specifies whether the parameter is an explicit or a wildcard attribute.",
                "description_kind": "plain",
                "optional": true
              },
              "value_type": {
                "type": "string",
                "description": "Specify the valid type for the value of the attribute.",
                "description_kind": "plain",
                "optional": true
              }
            },
            "block_types": {
              "url": {
                "nesting_mode": "list",
                "block": {
                  "attributes": {
                    "method": {
                      "type": "string",
                      "description_kind": "plain",
                      "required": true
                    },
                    "name": {
                      "type": "string",
                      "description_kind": "plain",
                      "required": true
                    },
                    "protocol": {
                      "type": "string",
                      "description_kind": "plain",
                      "required": true
                    },
                    "type": {
                      "type": "string",
                      "description_kind": "plain",
                      "required": true
                    }
                  },
                  "description_kind": "plain"
                },
                "max_items": 1
              }
            },
            "description_kind": "plain"
          }
        },
        "bigip_waf_entity_url": {
          "version": 0,
          "block": {
            "attributes": {
              "description": {
                "type": "string",
                "description": "A description of the URL.",
                "description_kind": "plain",
                "optional": true
              },
              "id": {
                "type": "string",
                "description_kind": "plain",
                "optional": true,
                "computed": true
              },
              "json": {
                "type": "string",
                "description": "The created JSON for WAF URL entity.",
                "description_kind": "plain",
                "computed": true
              },
              "method": {
                "type": "string",
                "description": "Select a method for the URL to create an API endpoint.",
                "description_kind": "plain",
                "optional": true
              },
              "name": {
                "type": "string",
                "description": "Name of the URL.",
                "description_kind": "plain",
                "required": true
              },
              "perform_staging": {
                "type": "bool",
                "description": "If true then any violation associated to the respective URL will not be enforced, and the request will not be considered illegal.",
                "description_kind": "plain",
                "optional": true
              },
              "protocol": {
                "type": "string",
                "description": "Specifies whether the protocol for the URL is 'http' or 'https'.",
                "description_kind": "plain",
                "optional": true
              },
              "signature_overrides_disable": {
                "type": [
                  "list",
                  "number"
                ],
                "description": "List of Attack Signature Ids which are disabled for this particular URL.",
                "description_kind": "plain",
                "optional": true
              },
              "type": {
                "type": "string",
                "description": "Specifies whether the parameter is an 'explicit' or a 'wildcard' attribute.",
                "description_kind": "plain",
                "optional": true
              }
            },
            "block_types": {
              "method_overrides": {
                "nesting_mode": "list",
                "block": {
                  "attributes": {
                    "allow": {
                      "type": "bool",
                      "description": "Specifies that the system allows or disallows a method for this URL.",
                      "description_kind": "plain",
                      "required": true
                    },
                    "method": {
                      "type": "string",
                      "description": "Specifies an HTTP method.",
                      "description_kind": "plain",
                      "required": true
                    }
                  },
                  "description": "A list of methods that are allowed or disallowed for a specific URL.",
                  "description_kind": "plain"
                }
              }
            },
            "description_kind": "plain"
          }
        },
        "bigip_waf_pb_suggestions": {
          "version": 0,
          "block": {
            "attributes": {
              "id": {
                "type": "string",
                "description_kind": "plain",
                "optional": true,
                "computed": true
              },
              "json": {
                "type": "string",
                "description": "The return payload of the queried PB suggestions",
                "description_kind": "plain",
                "computed": true
              },
              "minimum_learning_score": {
                "type": "number",
                "description": "The minimum learning for suggestions",
                "description_kind": "plain",
                "required": true
              },
              "partition": {
                "type": "string",
                "description": "Partition where the WAF policy is deployed",
                "description_kind": "plain",
                "required": true
              },
              "policy_id": {
                "type": "string",
                "description": "System generated id of the WAF policy",
                "description_kind": "plain",
                "optional": true,
                "computed": true
              },
              "policy_name": {
                "type": "string",
                "description": "Name of the WAF policy",
                "description_kind": "plain",
                "required": true
              }
            },
            "description_kind": "plain"
          }
        },
        "bigip_waf_policy": {
          "version": 0,
          "block": {
            "attributes": {
              "id": {
                "type": "string",
                "description_kind": "plain",
                "optional": true,
                "computed": true
              },
              "policy_id": {
                "type": "string",
                "description": "ID of the policy",
                "description_kind": "plain",
                "required": true
              },
              "policy_json": {
                "type": "string",
                "description": "Exported JSON policy",
                "description_kind": "plain",
                "optional": true,
                "computed": true
              }
            },
            "description_kind": "plain"
          }
        },
        "bigip_waf_signatures": {
          "version": 0,
          "block": {
            "attributes": {
              "accuracy": {
                "type": "string",
                "description": "The relative detection accuracy of the signature",
                "description_kind": "plain",
                "optional": true,
                "computed": true
              },
              "description": {
                "type": "string",
                "description": "Description of the signature",
                "description_kind": "plain",
                "optional": true
              },
              "enabled": {
                "type": "bool",
                "description": "Specifies, if true, that the signature is enabled on the security policy. When false, the signature is disable on the security policy.",
                "description_kind": "plain",
                "optional": true
              },
              "id": {
                "type": "string",
                "description_kind": "plain",
                "optional": true,
                "computed": true
              },
              "json": {
                "type": "string",
                "description": "The created JSON for WAF Signature block",
                "description_kind": "plain",
                "computed": true
              },
              "name": {
                "type": "string",
                "description": "Name of the signature",
                "description_kind": "plain",
                "optional": true,
                "computed": true
              },
              "perform_staging": {
                "type": "bool",
                "description": "The relative detection accuracy of the signature",
                "description_kind": "plain",
                "optional": true
              },
              "risk": {
                "type": "string",
                "description": "The relative risk level of the attack that matches this signature",
                "description_kind": "plain",
                "optional": true,
                "computed": true
              },
              "signature_id": {
                "type": "number",
                "description": "ID of the signature in the database",
                "description_kind": "plain",
                "required": true
              },
              "system_signature_id": {
                "type": "string",
                "description": "System generated ID of the signature",
                "description_kind": "plain",
                "optional": true,
                "computed": true
              },
              "tag": {
                "type": "string",
                "description": "The signature tag which, along with the signature name, identifies the signature.",
                "description_kind": "plain",
                "optional": true,
                "computed": true
              },
              "type": {
                "type": "string",
                "description": "Type of the signature",
                "description_kind": "plain",
                "optional": true,
                "computed": true
              }
            },
            "description_kind": "plain"
          }
        }
      }
    }
  }
}
