{
  "format_version": "1.0",
  "provider_schemas": {
    "registry.terraform.io/drfaust92/bitbucket": {
      "provider": {
        "version": 0,
        "block": {
          "attributes": {
            "oauth_client_id": {
              "type": "string",
              "description_kind": "plain",
              "optional": true
            },
            "oauth_client_secret": {
              "type": "string",
              "description_kind": "plain",
              "optional": true
            },
            "oauth_token": {
              "type": "string",
              "description_kind": "plain",
              "optional": true
            },
            "password": {
              "type": "string",
              "description_kind": "plain",
              "optional": true
            },
            "username": {
              "type": "string",
              "description_kind": "plain",
              "optional": true
            }
          },
          "description_kind": "plain"
        }
      },
      "resource_schemas": {
        "bitbucket_branch_restriction": {
          "version": 0,
          "block": {
            "attributes": {
              "branch_match_kind": {
                "type": "string",
                "description_kind": "plain",
                "optional": true
              },
              "branch_type": {
                "type": "string",
                "description_kind": "plain",
                "optional": true
              },
              "id": {
                "type": "string",
                "description_kind": "plain",
                "optional": true,
                "computed": true
              },
              "kind": {
                "type": "string",
                "description_kind": "plain",
                "required": true
              },
              "owner": {
                "type": "string",
                "description_kind": "plain",
                "required": true
              },
              "pattern": {
                "type": "string",
                "description_kind": "plain",
                "optional": true
              },
              "repository": {
                "type": "string",
                "description_kind": "plain",
                "required": true
              },
              "users": {
                "type": [
                  "set",
                  "string"
                ],
                "description_kind": "plain",
                "optional": true
              },
              "value": {
                "type": "number",
                "description_kind": "plain",
                "optional": true
              }
            },
            "block_types": {
              "groups": {
                "nesting_mode": "set",
                "block": {
                  "attributes": {
                    "owner": {
                      "type": "string",
                      "description_kind": "plain",
                      "required": true
                    },
                    "slug": {
                      "type": "string",
                      "description_kind": "plain",
                      "required": true
                    }
                  },
                  "description_kind": "plain"
                }
              }
            },
            "description_kind": "plain"
          }
        },
        "bitbucket_branching_model": {
          "version": 0,
          "block": {
            "attributes": {
              "id": {
                "type": "string",
                "description_kind": "plain",
                "optional": true,
                "computed": true
              },
              "owner": {
                "type": "string",
                "description_kind": "plain",
                "required": true
              },
              "repository": {
                "type": "string",
                "description_kind": "plain",
                "required": true
              }
            },
            "block_types": {
              "branch_type": {
                "nesting_mode": "set",
                "block": {
                  "attributes": {
                    "enabled": {
                      "type": "bool",
                      "description_kind": "plain",
                      "optional": true,
                      "computed": true
                    },
                    "kind": {
                      "type": "string",
                      "description_kind": "plain",
                      "required": true
                    },
                    "prefix": {
                      "type": "string",
                      "description_kind": "plain",
                      "optional": true
                    }
                  },
                  "description_kind": "plain"
                },
                "max_items": 4
              },
              "development": {
                "nesting_mode": "list",
                "block": {
                  "attributes": {
                    "branch_does_not_exist": {
                      "type": "bool",
                      "description_kind": "plain",
                      "optional": true
                    },
                    "is_valid": {
                      "type": "bool",
                      "description_kind": "plain",
                      "computed": true
                    },
                    "name": {
                      "type": "string",
                      "description_kind": "plain",
                      "optional": true
                    },
                    "use_mainbranch": {
                      "type": "bool",
                      "description_kind": "plain",
                      "optional": true
                    }
                  },
                  "description_kind": "plain"
                },
                "min_items": 1,
                "max_items": 1
              },
              "production": {
                "nesting_mode": "list",
                "block": {
                  "attributes": {
                    "branch_does_not_exist": {
                      "type": "bool",
                      "description_kind": "plain",
                      "optional": true
                    },
                    "enabled": {
                      "type": "bool",
                      "description_kind": "plain",
                      "optional": true
                    },
                    "is_valid": {
                      "type": "bool",
                      "description_kind": "plain",
                      "computed": true
                    },
                    "name": {
                      "type": "string",
                      "description_kind": "plain",
                      "optional": true
                    },
                    "use_mainbranch": {
                      "type": "bool",
                      "description_kind": "plain",
                      "optional": true
                    }
                  },
                  "description_kind": "plain"
                },
                "max_items": 1
              }
            },
            "description_kind": "plain"
          }
        },
        "bitbucket_commit_file": {
          "version": 0,
          "block": {
            "attributes": {
              "branch": {
                "type": "string",
                "description_kind": "plain",
                "required": true
              },
              "commit_author": {
                "type": "string",
                "description": "The SHA of the commit that modified the file",
                "description_kind": "plain",
                "required": true
              },
              "commit_message": {
                "type": "string",
                "description": "The SHA of the commit that modified the file",
                "description_kind": "plain",
                "required": true
              },
              "commit_sha": {
                "type": "string",
                "description": "The SHA of the commit that modified the file",
                "description_kind": "plain",
                "computed": true
              },
              "content": {
                "type": "string",
                "description_kind": "plain",
                "required": true
              },
              "filename": {
                "type": "string",
                "description_kind": "plain",
                "required": true
              },
              "id": {
                "type": "string",
                "description_kind": "plain",
                "optional": true,
                "computed": true
              },
              "repo_slug": {
                "type": "string",
                "description_kind": "plain",
                "required": true
              },
              "workspace": {
                "type": "string",
                "description_kind": "plain",
                "required": true
              }
            },
            "description_kind": "plain"
          }
        },
        "bitbucket_default_reviewers": {
          "version": 0,
          "block": {
            "attributes": {
              "id": {
                "type": "string",
                "description_kind": "plain",
                "optional": true,
                "computed": true
              },
              "owner": {
                "type": "string",
                "description_kind": "plain",
                "required": true
              },
              "repository": {
                "type": "string",
                "description_kind": "plain",
                "required": true
              },
              "reviewers": {
                "type": [
                  "set",
                  "string"
                ],
                "description_kind": "plain",
                "required": true
              }
            },
            "description_kind": "plain"
          }
        },
        "bitbucket_deploy_key": {
          "version": 0,
          "block": {
            "attributes": {
              "comment": {
                "type": "string",
                "description_kind": "plain",
                "computed": true
              },
              "id": {
                "type": "string",
                "description_kind": "plain",
                "optional": true,
                "computed": true
              },
              "key": {
                "type": "string",
                "description_kind": "plain",
                "optional": true
              },
              "key_id": {
                "type": "string",
                "description_kind": "plain",
                "computed": true
              },
              "label": {
                "type": "string",
                "description_kind": "plain",
                "optional": true
              },
              "repository": {
                "type": "string",
                "description_kind": "plain",
                "required": true
              },
              "workspace": {
                "type": "string",
                "description_kind": "plain",
                "required": true
              }
            },
            "description_kind": "plain"
          }
        },
        "bitbucket_deployment": {
          "version": 0,
          "block": {
            "attributes": {
              "id": {
                "type": "string",
                "description_kind": "plain",
                "optional": true,
                "computed": true
              },
              "name": {
                "type": "string",
                "description_kind": "plain",
                "required": true
              },
              "repository": {
                "type": "string",
                "description_kind": "plain",
                "required": true
              },
              "stage": {
                "type": "string",
                "description_kind": "plain",
                "required": true
              },
              "uuid": {
                "type": "string",
                "description_kind": "plain",
                "computed": true
              }
            },
            "block_types": {
              "restrictions": {
                "nesting_mode": "list",
                "block": {
                  "attributes": {
                    "admin_only": {
                      "type": "bool",
                      "description_kind": "plain",
                      "optional": true
                    }
                  },
                  "description_kind": "plain"
                },
                "max_items": 1
              }
            },
            "description_kind": "plain"
          }
        },
        "bitbucket_deployment_variable": {
          "version": 0,
          "block": {
            "attributes": {
              "deployment": {
                "type": "string",
                "description_kind": "plain",
                "required": true
              },
              "id": {
                "type": "string",
                "description_kind": "plain",
                "optional": true,
                "computed": true
              },
              "key": {
                "type": "string",
                "description_kind": "plain",
                "required": true
              },
              "secured": {
                "type": "bool",
                "description_kind": "plain",
                "optional": true
              },
              "uuid": {
                "type": "string",
                "description_kind": "plain",
                "computed": true
              },
              "value": {
                "type": "string",
                "description_kind": "plain",
                "required": true,
                "sensitive": true
              }
            },
            "description_kind": "plain"
          }
        },
        "bitbucket_forked_repository": {
          "version": 0,
          "block": {
            "attributes": {
              "clone_https": {
                "type": "string",
                "description_kind": "plain",
                "computed": true
              },
              "clone_ssh": {
                "type": "string",
                "description_kind": "plain",
                "computed": true
              },
              "description": {
                "type": "string",
                "description_kind": "plain",
                "optional": true
              },
              "fork_policy": {
                "type": "string",
                "description_kind": "plain",
                "optional": true
              },
              "has_issues": {
                "type": "bool",
                "description_kind": "plain",
                "optional": true
              },
              "has_wiki": {
                "type": "bool",
                "description_kind": "plain",
                "optional": true
              },
              "id": {
                "type": "string",
                "description_kind": "plain",
                "optional": true,
                "computed": true
              },
              "is_private": {
                "type": "bool",
                "description_kind": "plain",
                "optional": true
              },
              "language": {
                "type": "string",
                "description_kind": "plain",
                "optional": true
              },
              "name": {
                "type": "string",
                "description_kind": "plain",
                "required": true
              },
              "owner": {
                "type": "string",
                "description_kind": "plain",
                "required": true
              },
              "parent": {
                "type": [
                  "map",
                  "string"
                ],
                "description_kind": "plain",
                "required": true
              },
              "pipelines_enabled": {
                "type": "bool",
                "description_kind": "plain",
                "optional": true
              },
              "project_key": {
                "type": "string",
                "description_kind": "plain",
                "optional": true,
                "computed": true
              },
              "scm": {
                "type": "string",
                "description_kind": "plain",
                "computed": true
              },
              "slug": {
                "type": "string",
                "description_kind": "plain",
                "optional": true,
                "computed": true
              },
              "uuid": {
                "type": "string",
                "description_kind": "plain",
                "computed": true
              },
              "website": {
                "type": "string",
                "description_kind": "plain",
                "optional": true
              }
            },
            "block_types": {
              "link": {
                "nesting_mode": "list",
                "block": {
                  "block_types": {
                    "avatar": {
                      "nesting_mode": "list",
                      "block": {
                        "attributes": {
                          "href": {
                            "type": "string",
                            "description_kind": "plain",
                            "optional": true
                          }
                        },
                        "description_kind": "plain"
                      },
                      "max_items": 1
                    }
                  },
                  "description_kind": "plain"
                },
                "max_items": 1
              }
            },
            "description_kind": "plain"
          }
        },
        "bitbucket_group": {
          "version": 0,
          "block": {
            "attributes": {
              "auto_add": {
                "type": "bool",
                "description_kind": "plain",
                "optional": true
              },
              "email_forwarding_disabled": {
                "type": "bool",
                "description_kind": "plain",
                "optional": true
              },
              "id": {
                "type": "string",
                "description_kind": "plain",
                "optional": true,
                "computed": true
              },
              "name": {
                "type": "string",
                "description_kind": "plain",
                "required": true
              },
              "permission": {
                "type": "string",
                "description_kind": "plain",
                "optional": true
              },
              "slug": {
                "type": "string",
                "description_kind": "plain",
                "computed": true
              },
              "workspace": {
                "type": "string",
                "description_kind": "plain",
                "required": true
              }
            },
            "description_kind": "plain"
          }
        },
        "bitbucket_group_membership": {
          "version": 0,
          "block": {
            "attributes": {
              "group_slug": {
                "type": "string",
                "description_kind": "plain",
                "required": true
              },
              "id": {
                "type": "string",
                "description_kind": "plain",
                "optional": true,
                "computed": true
              },
              "slug": {
                "type": "string",
                "description_kind": "plain",
                "computed": true
              },
              "uuid": {
                "type": "string",
                "description_kind": "plain",
                "required": true
              },
              "workspace": {
                "type": "string",
                "description_kind": "plain",
                "required": true
              }
            },
            "description_kind": "plain"
          }
        },
        "bitbucket_hook": {
          "version": 0,
          "block": {
            "attributes": {
              "active": {
                "type": "bool",
                "description_kind": "plain",
                "optional": true
              },
              "description": {
                "type": "string",
                "description_kind": "plain",
                "required": true
              },
              "events": {
                "type": [
                  "set",
                  "string"
                ],
                "description_kind": "plain",
                "required": true
              },
              "history_enabled": {
                "type": "bool",
                "description_kind": "plain",
                "optional": true
              },
              "id": {
                "type": "string",
                "description_kind": "plain",
                "optional": true,
                "computed": true
              },
              "owner": {
                "type": "string",
                "description_kind": "plain",
                "required": true
              },
              "repository": {
                "type": "string",
                "description_kind": "plain",
                "required": true
              },
              "secret": {
                "type": "string",
                "description_kind": "plain",
                "optional": true,
                "sensitive": true
              },
              "secret_set": {
                "type": "bool",
                "description_kind": "plain",
                "computed": true
              },
              "skip_cert_verification": {
                "type": "bool",
                "description_kind": "plain",
                "optional": true
              },
              "url": {
                "type": "string",
                "description_kind": "plain",
                "required": true
              },
              "uuid": {
                "type": "string",
                "description_kind": "plain",
                "computed": true
              }
            },
            "description_kind": "plain"
          }
        },
        "bitbucket_pipeline_schedule": {
          "version": 0,
          "block": {
            "attributes": {
              "cron_pattern": {
                "type": "string",
                "description_kind": "plain",
                "required": true
              },
              "enabled": {
                "type": "bool",
                "description_kind": "plain",
                "required": true
              },
              "id": {
                "type": "string",
                "description_kind": "plain",
                "optional": true,
                "computed": true
              },
              "repository": {
                "type": "string",
                "description_kind": "plain",
                "required": true
              },
              "uuid": {
                "type": "string",
                "description_kind": "plain",
                "computed": true
              },
              "workspace": {
                "type": "string",
                "description_kind": "plain",
                "required": true
              }
            },
            "block_types": {
              "target": {
                "nesting_mode": "list",
                "block": {
                  "attributes": {
                    "ref_name": {
                      "type": "string",
                      "description_kind": "plain",
                      "required": true
                    },
                    "ref_type": {
                      "type": "string",
                      "description_kind": "plain",
                      "required": true
                    }
                  },
                  "block_types": {
                    "selector": {
                      "nesting_mode": "list",
                      "block": {
                        "attributes": {
                          "pattern": {
                            "type": "string",
                            "description_kind": "plain",
                            "required": true
                          },
                          "type": {
                            "type": "string",
                            "description_kind": "plain",
                            "optional": true
                          }
                        },
                        "description_kind": "plain"
                      },
                      "min_items": 1,
                      "max_items": 1
                    }
                  },
                  "description_kind": "plain"
                },
                "min_items": 1,
                "max_items": 1
              }
            },
            "description_kind": "plain"
          }
        },
        "bitbucket_pipeline_ssh_key": {
          "version": 0,
          "block": {
            "attributes": {
              "id": {
                "type": "string",
                "description_kind": "plain",
                "optional": true,
                "computed": true
              },
              "private_key": {
                "type": "string",
                "description_kind": "plain",
                "optional": true
              },
              "public_key": {
                "type": "string",
                "description_kind": "plain",
                "optional": true
              },
              "repository": {
                "type": "string",
                "description_kind": "plain",
                "required": true
              },
              "workspace": {
                "type": "string",
                "description_kind": "plain",
                "required": true
              }
            },
            "description_kind": "plain"
          }
        },
        "bitbucket_pipeline_ssh_known_host": {
          "version": 0,
          "block": {
            "attributes": {
              "hostname": {
                "type": "string",
                "description_kind": "plain",
                "optional": true
              },
              "id": {
                "type": "string",
                "description_kind": "plain",
                "optional": true,
                "computed": true
              },
              "repository": {
                "type": "string",
                "description_kind": "plain",
                "required": true
              },
              "uuid": {
                "type": "string",
                "description_kind": "plain",
                "computed": true
              },
              "workspace": {
                "type": "string",
                "description_kind": "plain",
                "required": true
              }
            },
            "block_types": {
              "public_key": {
                "nesting_mode": "list",
                "block": {
                  "attributes": {
                    "key": {
                      "type": "string",
                      "description_kind": "plain",
                      "required": true
                    },
                    "key_type": {
                      "type": "string",
                      "description_kind": "plain",
                      "required": true
                    },
                    "md5_fingerprint": {
                      "type": "string",
                      "description_kind": "plain",
                      "computed": true
                    },
                    "sha256_fingerprint": {
                      "type": "string",
                      "description_kind": "plain",
                      "computed": true
                    }
                  },
                  "description_kind": "plain"
                },
                "min_items": 1,
                "max_items": 1
              }
            },
            "description_kind": "plain"
          }
        },
        "bitbucket_project": {
          "version": 0,
          "block": {
            "attributes": {
              "description": {
                "type": "string",
                "description_kind": "plain",
                "optional": true
              },
              "has_publicly_visible_repos": {
                "type": "bool",
                "description_kind": "plain",
                "computed": true
              },
              "id": {
                "type": "string",
                "description_kind": "plain",
                "optional": true,
                "computed": true
              },
              "is_private": {
                "type": "bool",
                "description_kind": "plain",
                "optional": true
              },
              "key": {
                "type": "string",
                "description_kind": "plain",
                "required": true
              },
              "name": {
                "type": "string",
                "description_kind": "plain",
                "required": true
              },
              "owner": {
                "type": "string",
                "description_kind": "plain",
                "required": true
              },
              "uuid": {
                "type": "string",
                "description_kind": "plain",
                "computed": true
              }
            },
            "block_types": {
              "link": {
                "nesting_mode": "list",
                "block": {
                  "block_types": {
                    "avatar": {
                      "nesting_mode": "list",
                      "block": {
                        "attributes": {
                          "href": {
                            "type": "string",
                            "description_kind": "plain",
                            "optional": true
                          }
                        },
                        "description_kind": "plain"
                      },
                      "max_items": 1
                    }
                  },
                  "description_kind": "plain"
                },
                "max_items": 1
              }
            },
            "description_kind": "plain"
          }
        },
        "bitbucket_project_branching_model": {
          "version": 0,
          "block": {
            "attributes": {
              "id": {
                "type": "string",
                "description_kind": "plain",
                "optional": true,
                "computed": true
              },
              "project": {
                "type": "string",
                "description_kind": "plain",
                "required": true
              },
              "workspace": {
                "type": "string",
                "description_kind": "plain",
                "required": true
              }
            },
            "block_types": {
              "branch_type": {
                "nesting_mode": "set",
                "block": {
                  "attributes": {
                    "enabled": {
                      "type": "bool",
                      "description_kind": "plain",
                      "optional": true,
                      "computed": true
                    },
                    "kind": {
                      "type": "string",
                      "description_kind": "plain",
                      "required": true
                    },
                    "prefix": {
                      "type": "string",
                      "description_kind": "plain",
                      "optional": true
                    }
                  },
                  "description_kind": "plain"
                },
                "max_items": 4
              },
              "development": {
                "nesting_mode": "list",
                "block": {
                  "attributes": {
                    "branch_does_not_exist": {
                      "type": "bool",
                      "description_kind": "plain",
                      "optional": true
                    },
                    "is_valid": {
                      "type": "bool",
                      "description_kind": "plain",
                      "computed": true
                    },
                    "name": {
                      "type": "string",
                      "description_kind": "plain",
                      "optional": true
                    },
                    "use_mainbranch": {
                      "type": "bool",
                      "description_kind": "plain",
                      "optional": true
                    }
                  },
                  "description_kind": "plain"
                },
                "min_items": 1,
                "max_items": 1
              },
              "production": {
                "nesting_mode": "list",
                "block": {
                  "attributes": {
                    "branch_does_not_exist": {
                      "type": "bool",
                      "description_kind": "plain",
                      "optional": true
                    },
                    "enabled": {
                      "type": "bool",
                      "description_kind": "plain",
                      "optional": true
                    },
                    "is_valid": {
                      "type": "bool",
                      "description_kind": "plain",
                      "computed": true
                    },
                    "name": {
                      "type": "string",
                      "description_kind": "plain",
                      "optional": true
                    },
                    "use_mainbranch": {
                      "type": "bool",
                      "description_kind": "plain",
                      "optional": true
                    }
                  },
                  "description_kind": "plain"
                },
                "max_items": 1
              }
            },
            "description_kind": "plain"
          }
        },
        "bitbucket_project_default_reviewers": {
          "version": 0,
          "block": {
            "attributes": {
              "id": {
                "type": "string",
                "description_kind": "plain",
                "optional": true,
                "computed": true
              },
              "project": {
                "type": "string",
                "description_kind": "plain",
                "required": true
              },
              "reviewers": {
                "type": [
                  "set",
                  "string"
                ],
                "description_kind": "plain",
                "required": true
              },
              "workspace": {
                "type": "string",
                "description_kind": "plain",
                "required": true
              }
            },
            "description_kind": "plain"
          }
        },
        "bitbucket_repository": {
          "version": 0,
          "block": {
            "attributes": {
              "clone_https": {
                "type": "string",
                "description_kind": "plain",
                "computed": true
              },
              "clone_ssh": {
                "type": "string",
                "description_kind": "plain",
                "computed": true
              },
              "description": {
                "type": "string",
                "description_kind": "plain",
                "optional": true
              },
              "fork_policy": {
                "type": "string",
                "description_kind": "plain",
                "optional": true
              },
              "has_issues": {
                "type": "bool",
                "description_kind": "plain",
                "optional": true
              },
              "has_wiki": {
                "type": "bool",
                "description_kind": "plain",
                "optional": true
              },
              "id": {
                "type": "string",
                "description_kind": "plain",
                "optional": true,
                "computed": true
              },
              "inherit_branching_model": {
                "type": "bool",
                "description_kind": "plain",
                "optional": true,
                "computed": true
              },
              "inherit_default_merge_strategy": {
                "type": "bool",
                "description_kind": "plain",
                "optional": true,
                "computed": true
              },
              "is_private": {
                "type": "bool",
                "description_kind": "plain",
                "optional": true
              },
              "language": {
                "type": "string",
                "description_kind": "plain",
                "optional": true
              },
              "name": {
                "type": "string",
                "description_kind": "plain",
                "required": true
              },
              "owner": {
                "type": "string",
                "description_kind": "plain",
                "required": true
              },
              "pipelines_enabled": {
                "type": "bool",
                "description_kind": "plain",
                "optional": true
              },
              "project_key": {
                "type": "string",
                "description_kind": "plain",
                "optional": true,
                "computed": true
              },
              "scm": {
                "type": "string",
                "description_kind": "plain",
                "optional": true
              },
              "slug": {
                "type": "string",
                "description_kind": "plain",
                "optional": true,
                "computed": true
              },
              "uuid": {
                "type": "string",
                "description_kind": "plain",
                "computed": true
              },
              "website": {
                "type": "string",
                "description_kind": "plain",
                "optional": true
              }
            },
            "block_types": {
              "link": {
                "nesting_mode": "list",
                "block": {
                  "block_types": {
                    "avatar": {
                      "nesting_mode": "list",
                      "block": {
                        "attributes": {
                          "href": {
                            "type": "string",
                            "description_kind": "plain",
                            "optional": true
                          }
                        },
                        "description_kind": "plain"
                      },
                      "max_items": 1
                    }
                  },
                  "description_kind": "plain"
                },
                "max_items": 1
              }
            },
            "description_kind": "plain"
          }
        },
        "bitbucket_repository_group_permission": {
          "version": 0,
          "block": {
            "attributes": {
              "group_slug": {
                "type": "string",
                "description_kind": "plain",
                "required": true
              },
              "id": {
                "type": "string",
                "description_kind": "plain",
                "optional": true,
                "computed": true
              },
              "permission": {
                "type": "string",
                "description_kind": "plain",
                "required": true
              },
              "repo_slug": {
                "type": "string",
                "description_kind": "plain",
                "required": true
              },
              "workspace": {
                "type": "string",
                "description_kind": "plain",
                "required": true
              }
            },
            "description_kind": "plain"
          }
        },
        "bitbucket_repository_user_permission": {
          "version": 0,
          "block": {
            "attributes": {
              "id": {
                "type": "string",
                "description_kind": "plain",
                "optional": true,
                "computed": true
              },
              "permission": {
                "type": "string",
                "description_kind": "plain",
                "required": true
              },
              "repo_slug": {
                "type": "string",
                "description_kind": "plain",
                "required": true
              },
              "user_id": {
                "type": "string",
                "description_kind": "plain",
                "required": true
              },
              "workspace": {
                "type": "string",
                "description_kind": "plain",
                "required": true
              }
            },
            "description_kind": "plain"
          }
        },
        "bitbucket_repository_variable": {
          "version": 0,
          "block": {
            "attributes": {
              "id": {
                "type": "string",
                "description_kind": "plain",
                "optional": true,
                "computed": true
              },
              "key": {
                "type": "string",
                "description_kind": "plain",
                "required": true
              },
              "repository": {
                "type": "string",
                "description_kind": "plain",
                "required": true
              },
              "secured": {
                "type": "bool",
                "description_kind": "plain",
                "optional": true
              },
              "uuid": {
                "type": "string",
                "description_kind": "plain",
                "computed": true
              },
              "value": {
                "type": "string",
                "description_kind": "plain",
                "required": true,
                "sensitive": true
              },
              "workspace": {
                "type": "string",
                "description_kind": "plain",
                "computed": true
              }
            },
            "description_kind": "plain"
          }
        },
        "bitbucket_ssh_key": {
          "version": 0,
          "block": {
            "attributes": {
              "comment": {
                "type": "string",
                "description_kind": "plain",
                "computed": true
              },
              "id": {
                "type": "string",
                "description_kind": "plain",
                "optional": true,
                "computed": true
              },
              "key": {
                "type": "string",
                "description_kind": "plain",
                "optional": true
              },
              "label": {
                "type": "string",
                "description_kind": "plain",
                "optional": true
              },
              "user": {
                "type": "string",
                "description_kind": "plain",
                "required": true
              },
              "uuid": {
                "type": "string",
                "description_kind": "plain",
                "computed": true
              }
            },
            "description_kind": "plain"
          }
        },
        "bitbucket_workspace_hook": {
          "version": 0,
          "block": {
            "attributes": {
              "active": {
                "type": "bool",
                "description_kind": "plain",
                "optional": true
              },
              "description": {
                "type": "string",
                "description_kind": "plain",
                "required": true
              },
              "events": {
                "type": [
                  "set",
                  "string"
                ],
                "description_kind": "plain",
                "required": true
              },
              "history_enabled": {
                "type": "bool",
                "description_kind": "plain",
                "optional": true
              },
              "id": {
                "type": "string",
                "description_kind": "plain",
                "optional": true,
                "computed": true
              },
              "secret": {
                "type": "string",
                "description_kind": "plain",
                "optional": true,
                "sensitive": true
              },
              "secret_set": {
                "type": "bool",
                "description_kind": "plain",
                "computed": true
              },
              "skip_cert_verification": {
                "type": "bool",
                "description_kind": "plain",
                "optional": true
              },
              "url": {
                "type": "string",
                "description_kind": "plain",
                "required": true
              },
              "uuid": {
                "type": "string",
                "description_kind": "plain",
                "computed": true
              },
              "workspace": {
                "type": "string",
                "description_kind": "plain",
                "required": true
              }
            },
            "description_kind": "plain"
          }
        },
        "bitbucket_workspace_variable": {
          "version": 0,
          "block": {
            "attributes": {
              "id": {
                "type": "string",
                "description_kind": "plain",
                "optional": true,
                "computed": true
              },
              "key": {
                "type": "string",
                "description_kind": "plain",
                "required": true
              },
              "secured": {
                "type": "bool",
                "description_kind": "plain",
                "optional": true
              },
              "uuid": {
                "type": "string",
                "description_kind": "plain",
                "computed": true
              },
              "value": {
                "type": "string",
                "description_kind": "plain",
                "required": true,
                "sensitive": true
              },
              "workspace": {
                "type": "string",
                "description_kind": "plain",
                "required": true
              }
            },
            "description_kind": "plain"
          }
        }
      },
      "data_source_schemas": {
        "bitbucket_current_user": {
          "version": 0,
          "block": {
            "attributes": {
              "display_name": {
                "type": "string",
                "description_kind": "plain",
                "computed": true
              },
              "email": {
                "type": [
                  "set",
                  [
                    "object",
                    {
                      "email": "string",
                      "is_confirmed": "bool",
                      "is_primary": "bool"
                    }
                  ]
                ],
                "description_kind": "plain",
                "computed": true
              },
              "id": {
                "type": "string",
                "description_kind": "plain",
                "optional": true,
                "computed": true
              },
              "username": {
                "type": "string",
                "description_kind": "plain",
                "computed": true
              },
              "uuid": {
                "type": "string",
                "description_kind": "plain",
                "computed": true
              }
            },
            "description_kind": "plain"
          }
        },
        "bitbucket_deployment": {
          "version": 0,
          "block": {
            "attributes": {
              "id": {
                "type": "string",
                "description_kind": "plain",
                "optional": true,
                "computed": true
              },
              "name": {
                "type": "string",
                "description_kind": "plain",
                "computed": true
              },
              "repository": {
                "type": "string",
                "description_kind": "plain",
                "required": true
              },
              "stage": {
                "type": "string",
                "description_kind": "plain",
                "computed": true
              },
              "uuid": {
                "type": "string",
                "description_kind": "plain",
                "required": true
              },
              "workspace": {
                "type": "string",
                "description_kind": "plain",
                "required": true
              }
            },
            "description_kind": "plain"
          }
        },
        "bitbucket_group": {
          "version": 0,
          "block": {
            "attributes": {
              "auto_add": {
                "type": "bool",
                "description_kind": "plain",
                "computed": true
              },
              "email_forwarding_disabled": {
                "type": "bool",
                "description_kind": "plain",
                "computed": true
              },
              "id": {
                "type": "string",
                "description_kind": "plain",
                "optional": true,
                "computed": true
              },
              "name": {
                "type": "string",
                "description_kind": "plain",
                "computed": true
              },
              "permission": {
                "type": "string",
                "description_kind": "plain",
                "computed": true
              },
              "slug": {
                "type": "string",
                "description_kind": "plain",
                "required": true
              },
              "workspace": {
                "type": "string",
                "description_kind": "plain",
                "required": true
              }
            },
            "description_kind": "plain"
          }
        },
        "bitbucket_group_members": {
          "version": 0,
          "block": {
            "attributes": {
              "id": {
                "type": "string",
                "description_kind": "plain",
                "optional": true,
                "computed": true
              },
              "members": {
                "type": [
                  "set",
                  "string"
                ],
                "description_kind": "plain",
                "computed": true
              },
              "slug": {
                "type": "string",
                "description_kind": "plain",
                "required": true
              },
              "workspace": {
                "type": "string",
                "description_kind": "plain",
                "required": true
              }
            },
            "description_kind": "plain"
          }
        },
        "bitbucket_groups": {
          "version": 0,
          "block": {
            "attributes": {
              "groups": {
                "type": [
                  "set",
                  [
                    "object",
                    {
                      "auto_add": "bool",
                      "email_forwarding_disabled": "bool",
                      "name": "string",
                      "permission": "string",
                      "slug": "string"
                    }
                  ]
                ],
                "description_kind": "plain",
                "computed": true
              },
              "id": {
                "type": "string",
                "description_kind": "plain",
                "optional": true,
                "computed": true
              },
              "workspace": {
                "type": "string",
                "description_kind": "plain",
                "required": true
              }
            },
            "description_kind": "plain"
          }
        },
        "bitbucket_hook_types": {
          "version": 0,
          "block": {
            "attributes": {
              "hook_types": {
                "type": [
                  "set",
                  [
                    "object",
                    {
                      "category": "string",
                      "description": "string",
                      "event": "string",
                      "label": "string"
                    }
                  ]
                ],
                "description_kind": "plain",
                "computed": true
              },
              "id": {
                "type": "string",
                "description_kind": "plain",
                "optional": true,
                "computed": true
              },
              "subject_type": {
                "type": "string",
                "description_kind": "plain",
                "required": true
              }
            },
            "description_kind": "plain"
          }
        },
        "bitbucket_ip_ranges": {
          "version": 0,
          "block": {
            "attributes": {
              "id": {
                "type": "string",
                "description_kind": "plain",
                "optional": true,
                "computed": true
              },
              "ranges": {
                "type": [
                  "set",
                  [
                    "object",
                    {
                      "cidr": "string",
                      "directions": [
                        "set",
                        "string"
                      ],
                      "mask": "string",
                      "mask_len": "number",
                      "network": "string",
                      "products": [
                        "set",
                        "string"
                      ],
                      "regions": [
                        "set",
                        "string"
                      ]
                    }
                  ]
                ],
                "description_kind": "plain",
                "computed": true
              }
            },
            "description_kind": "plain"
          }
        },
        "bitbucket_pipeline_oidc_config": {
          "version": 0,
          "block": {
            "attributes": {
              "id": {
                "type": "string",
                "description_kind": "plain",
                "optional": true,
                "computed": true
              },
              "oidc_config": {
                "type": "string",
                "description_kind": "plain",
                "computed": true
              },
              "workspace": {
                "type": "string",
                "description_kind": "plain",
                "required": true
              }
            },
            "description_kind": "plain"
          }
        },
        "bitbucket_pipeline_oidc_config_keys": {
          "version": 0,
          "block": {
            "attributes": {
              "id": {
                "type": "string",
                "description_kind": "plain",
                "optional": true,
                "computed": true
              },
              "keys": {
                "type": "string",
                "description_kind": "plain",
                "computed": true,
                "sensitive": true
              },
              "workspace": {
                "type": "string",
                "description_kind": "plain",
                "required": true
              }
            },
            "description_kind": "plain"
          }
        },
        "bitbucket_user": {
          "version": 0,
          "block": {
            "attributes": {
              "display_name": {
                "type": "string",
                "description_kind": "plain",
                "optional": true
              },
              "id": {
                "type": "string",
                "description_kind": "plain",
                "optional": true,
                "computed": true
              },
              "username": {
                "type": "string",
                "description_kind": "plain",
                "computed": true
              },
              "uuid": {
                "type": "string",
                "description_kind": "plain",
                "optional": true
              }
            },
            "description_kind": "plain"
          }
        },
        "bitbucket_workspace": {
          "version": 0,
          "block": {
            "attributes": {
              "id": {
                "type": "string",
                "description_kind": "plain",
                "optional": true,
                "computed": true
              },
              "is_private": {
                "type": "bool",
                "description_kind": "plain",
                "computed": true
              },
              "name": {
                "type": "string",
                "description_kind": "plain",
                "computed": true
              },
              "slug": {
                "type": "string",
                "description_kind": "plain",
                "computed": true
              },
              "workspace": {
                "type": "string",
                "description_kind": "plain",
                "required": true
              }
            },
            "description_kind": "plain"
          }
        },
        "bitbucket_workspace_members": {
          "version": 0,
          "block": {
            "attributes": {
              "id": {
                "type": "string",
                "description_kind": "plain",
                "optional": true,
                "computed": true
              },
              "members": {
                "type": [
                  "set",
                  "string"
                ],
                "description_kind": "plain",
                "computed": true
              },
              "workspace": {
                "type": "string",
                "description_kind": "plain",
                "required": true
              }
            },
            "description_kind": "plain"
          }
        }
      }
    }
  }
}
