{
  "format_version": "1.0",
  "provider_schemas": {
    "registry.terraform.io/buildkite/buildkite": {
      "provider": {
        "version": 0,
        "block": {
          "attributes": {
            "api_token": {
              "type": "string",
              "description": "API token with GraphQL access and `write_pipelines, read_pipelines` scopes",
              "description_kind": "plain",
              "required": true
            },
            "graphql_url": {
              "type": "string",
              "description": "Base URL for the GraphQL API to use",
              "description_kind": "plain",
              "optional": true
            },
            "organization": {
              "type": "string",
              "description": "The Buildkite organization slug",
              "description_kind": "plain",
              "required": true
            },
            "rest_url": {
              "type": "string",
              "description": "Base URL for the REST API to use",
              "description_kind": "plain",
              "optional": true
            }
          },
          "description_kind": "plain"
        }
      },
      "resource_schemas": {
        "buildkite_agent_token": {
          "version": 0,
          "block": {
            "attributes": {
              "description": {
                "type": "string",
                "description_kind": "plain",
                "optional": true
              },
              "id": {
                "type": "string",
                "description_kind": "plain",
                "optional": true,
                "computed": true
              },
              "token": {
                "type": "string",
                "description_kind": "plain",
                "computed": true
              },
              "uuid": {
                "type": "string",
                "description_kind": "plain",
                "computed": true
              }
            },
            "description_kind": "plain"
          }
        },
        "buildkite_organization_settings": {
          "version": 0,
          "block": {
            "attributes": {
              "allowed_api_ip_addresses": {
                "type": [
                  "list",
                  "string"
                ],
                "description_kind": "plain",
                "optional": true
              },
              "id": {
                "type": "string",
                "description_kind": "plain",
                "optional": true,
                "computed": true
              },
              "uuid": {
                "type": "string",
                "description_kind": "plain",
                "computed": true
              }
            },
            "description_kind": "plain"
          }
        },
        "buildkite_pipeline": {
          "version": 0,
          "block": {
            "attributes": {
              "allow_rebuilds": {
                "type": "bool",
                "description_kind": "plain",
                "optional": true,
                "computed": true
              },
              "badge_url": {
                "type": "string",
                "description_kind": "plain",
                "computed": true
              },
              "branch_configuration": {
                "type": "string",
                "description_kind": "plain",
                "optional": true,
                "computed": true
              },
              "cancel_intermediate_builds": {
                "type": "bool",
                "description_kind": "plain",
                "optional": true,
                "computed": true
              },
              "cancel_intermediate_builds_branch_filter": {
                "type": "string",
                "description_kind": "plain",
                "optional": true,
                "computed": true
              },
              "cluster_id": {
                "type": "string",
                "description_kind": "plain",
                "optional": true,
                "computed": true
              },
              "default_branch": {
                "type": "string",
                "description_kind": "plain",
                "optional": true,
                "computed": true
              },
              "default_timeout_in_minutes": {
                "type": "number",
                "description_kind": "plain",
                "optional": true,
                "computed": true
              },
              "deletion_protection": {
                "type": "bool",
                "description": "If set to 'true', deletion of a pipeline via `terraform destroy` will fail, until set to 'false'.",
                "description_kind": "plain",
                "optional": true
              },
              "description": {
                "type": "string",
                "description_kind": "plain",
                "optional": true,
                "computed": true
              },
              "id": {
                "type": "string",
                "description_kind": "plain",
                "optional": true,
                "computed": true
              },
              "maximum_timeout_in_minutes": {
                "type": "number",
                "description_kind": "plain",
                "optional": true,
                "computed": true
              },
              "name": {
                "type": "string",
                "description_kind": "plain",
                "required": true
              },
              "repository": {
                "type": "string",
                "description_kind": "plain",
                "required": true
              },
              "skip_intermediate_builds": {
                "type": "bool",
                "description_kind": "plain",
                "optional": true,
                "computed": true
              },
              "skip_intermediate_builds_branch_filter": {
                "type": "string",
                "description_kind": "plain",
                "optional": true,
                "computed": true
              },
              "slug": {
                "type": "string",
                "description_kind": "plain",
                "computed": true
              },
              "steps": {
                "type": "string",
                "description_kind": "plain",
                "optional": true
              },
              "tags": {
                "type": [
                  "set",
                  "string"
                ],
                "description_kind": "plain",
                "optional": true
              },
              "team": {
                "type": [
                  "set",
                  [
                    "object",
                    {
                      "access_level": "string",
                      "slug": "string"
                    }
                  ]
                ],
                "description_kind": "plain",
                "optional": true
              },
              "webhook_url": {
                "type": "string",
                "description_kind": "plain",
                "computed": true
              }
            },
            "block_types": {
              "provider_settings": {
                "nesting_mode": "list",
                "block": {
                  "attributes": {
                    "build_branches": {
                      "type": "bool",
                      "description_kind": "plain",
                      "optional": true,
                      "computed": true
                    },
                    "build_pull_request_forks": {
                      "type": "bool",
                      "description_kind": "plain",
                      "optional": true,
                      "computed": true
                    },
                    "build_pull_request_labels_changed": {
                      "type": "bool",
                      "description_kind": "plain",
                      "optional": true,
                      "computed": true
                    },
                    "build_pull_request_ready_for_review": {
                      "type": "bool",
                      "description_kind": "plain",
                      "optional": true,
                      "computed": true
                    },
                    "build_pull_requests": {
                      "type": "bool",
                      "description_kind": "plain",
                      "optional": true,
                      "computed": true
                    },
                    "build_tags": {
                      "type": "bool",
                      "description_kind": "plain",
                      "optional": true,
                      "computed": true
                    },
                    "cancel_deleted_branch_builds": {
                      "type": "bool",
                      "description_kind": "plain",
                      "optional": true,
                      "computed": true
                    },
                    "filter_condition": {
                      "type": "string",
                      "description_kind": "plain",
                      "optional": true,
                      "computed": true
                    },
                    "filter_enabled": {
                      "type": "bool",
                      "description_kind": "plain",
                      "optional": true,
                      "computed": true
                    },
                    "prefix_pull_request_fork_branch_names": {
                      "type": "bool",
                      "description_kind": "plain",
                      "optional": true,
                      "computed": true
                    },
                    "publish_blocked_as_pending": {
                      "type": "bool",
                      "description_kind": "plain",
                      "optional": true,
                      "computed": true
                    },
                    "publish_commit_status": {
                      "type": "bool",
                      "description_kind": "plain",
                      "optional": true,
                      "computed": true
                    },
                    "publish_commit_status_per_step": {
                      "type": "bool",
                      "description_kind": "plain",
                      "optional": true,
                      "computed": true
                    },
                    "pull_request_branch_filter_configuration": {
                      "type": "string",
                      "description_kind": "plain",
                      "optional": true,
                      "computed": true
                    },
                    "pull_request_branch_filter_enabled": {
                      "type": "bool",
                      "description_kind": "plain",
                      "optional": true,
                      "computed": true
                    },
                    "separate_pull_request_statuses": {
                      "type": "bool",
                      "description_kind": "plain",
                      "optional": true,
                      "computed": true
                    },
                    "skip_pull_request_builds_for_existing_commits": {
                      "type": "bool",
                      "description_kind": "plain",
                      "optional": true,
                      "computed": true
                    },
                    "trigger_mode": {
                      "type": "string",
                      "description_kind": "plain",
                      "optional": true,
                      "computed": true
                    }
                  },
                  "description_kind": "plain"
                },
                "max_items": 1
              }
            },
            "description_kind": "plain"
          }
        },
        "buildkite_pipeline_schedule": {
          "version": 0,
          "block": {
            "attributes": {
              "branch": {
                "type": "string",
                "description_kind": "plain",
                "required": true
              },
              "commit": {
                "type": "string",
                "description_kind": "plain",
                "optional": true
              },
              "cronline": {
                "type": "string",
                "description_kind": "plain",
                "required": true
              },
              "enabled": {
                "type": "bool",
                "description_kind": "plain",
                "optional": true
              },
              "env": {
                "type": [
                  "map",
                  "string"
                ],
                "description_kind": "plain",
                "optional": true
              },
              "id": {
                "type": "string",
                "description_kind": "plain",
                "optional": true,
                "computed": true
              },
              "label": {
                "type": "string",
                "description_kind": "plain",
                "required": true
              },
              "message": {
                "type": "string",
                "description_kind": "plain",
                "optional": true,
                "computed": true
              },
              "pipeline_id": {
                "type": "string",
                "description_kind": "plain",
                "required": true
              },
              "uuid": {
                "type": "string",
                "description_kind": "plain",
                "computed": true
              }
            },
            "description_kind": "plain"
          }
        },
        "buildkite_team": {
          "version": 0,
          "block": {
            "attributes": {
              "default_member_role": {
                "type": "string",
                "description_kind": "plain",
                "required": true
              },
              "default_team": {
                "type": "bool",
                "description_kind": "plain",
                "required": true
              },
              "description": {
                "type": "string",
                "description_kind": "plain",
                "optional": true
              },
              "id": {
                "type": "string",
                "description_kind": "plain",
                "optional": true,
                "computed": true
              },
              "members_can_create_pipelines": {
                "type": "bool",
                "description_kind": "plain",
                "optional": true
              },
              "name": {
                "type": "string",
                "description_kind": "plain",
                "required": true
              },
              "privacy": {
                "type": "string",
                "description_kind": "plain",
                "required": true
              },
              "slug": {
                "type": "string",
                "description_kind": "plain",
                "computed": true
              },
              "uuid": {
                "type": "string",
                "description_kind": "plain",
                "computed": true
              }
            },
            "description_kind": "plain"
          }
        },
        "buildkite_team_member": {
          "version": 0,
          "block": {
            "attributes": {
              "id": {
                "type": "string",
                "description_kind": "plain",
                "optional": true,
                "computed": true
              },
              "role": {
                "type": "string",
                "description_kind": "plain",
                "required": true
              },
              "team_id": {
                "type": "string",
                "description_kind": "plain",
                "required": true
              },
              "user_id": {
                "type": "string",
                "description_kind": "plain",
                "required": true
              },
              "uuid": {
                "type": "string",
                "description_kind": "plain",
                "computed": true
              }
            },
            "description_kind": "plain"
          }
        }
      },
      "data_source_schemas": {
        "buildkite_meta": {
          "version": 0,
          "block": {
            "attributes": {
              "id": {
                "type": "string",
                "description_kind": "plain",
                "optional": true,
                "computed": true
              },
              "webhook_ips": {
                "type": [
                  "list",
                  "string"
                ],
                "description_kind": "plain",
                "computed": true
              }
            },
            "description_kind": "plain"
          }
        },
        "buildkite_organization": {
          "version": 0,
          "block": {
            "attributes": {
              "allowed_api_ip_addresses": {
                "type": [
                  "list",
                  "string"
                ],
                "description_kind": "plain",
                "optional": true
              },
              "id": {
                "type": "string",
                "description_kind": "plain",
                "optional": true,
                "computed": true
              },
              "uuid": {
                "type": "string",
                "description_kind": "plain",
                "computed": true
              }
            },
            "description_kind": "plain"
          }
        },
        "buildkite_pipeline": {
          "version": 0,
          "block": {
            "attributes": {
              "default_branch": {
                "type": "string",
                "description_kind": "plain",
                "computed": true
              },
              "description": {
                "type": "string",
                "description_kind": "plain",
                "computed": true
              },
              "id": {
                "type": "string",
                "description_kind": "plain",
                "optional": true,
                "computed": true
              },
              "name": {
                "type": "string",
                "description_kind": "plain",
                "computed": true
              },
              "repository": {
                "type": "string",
                "description_kind": "plain",
                "computed": true
              },
              "slug": {
                "type": "string",
                "description_kind": "plain",
                "required": true
              },
              "webhook_url": {
                "type": "string",
                "description_kind": "plain",
                "computed": true
              }
            },
            "description_kind": "plain"
          }
        },
        "buildkite_team": {
          "version": 0,
          "block": {
            "attributes": {
              "default_member_role": {
                "type": "string",
                "description_kind": "plain",
                "computed": true
              },
              "default_team": {
                "type": "bool",
                "description_kind": "plain",
                "computed": true
              },
              "description": {
                "type": "string",
                "description_kind": "plain",
                "computed": true
              },
              "id": {
                "type": "string",
                "description_kind": "plain",
                "computed": true
              },
              "members_can_create_pipelines": {
                "type": "bool",
                "description_kind": "plain",
                "computed": true
              },
              "name": {
                "type": "string",
                "description_kind": "plain",
                "computed": true
              },
              "privacy": {
                "type": "string",
                "description_kind": "plain",
                "computed": true
              },
              "slug": {
                "type": "string",
                "description_kind": "plain",
                "required": true
              },
              "uuid": {
                "type": "string",
                "description_kind": "plain",
                "computed": true
              }
            },
            "description_kind": "plain"
          }
        }
      }
    }
  }
}
