{
  "format_version": "1.0",
  "provider_schemas": {
    "registry.terraform.io/ciscodevnet/ciscoasa": {
      "provider": {
        "version": 0,
        "block": {
          "attributes": {
            "api_url": {
              "type": "string",
              "description_kind": "plain",
              "required": true
            },
            "password": {
              "type": "string",
              "description_kind": "plain",
              "required": true
            },
            "ssl_no_verify": {
              "type": "bool",
              "description_kind": "plain",
              "optional": true
            },
            "username": {
              "type": "string",
              "description_kind": "plain",
              "required": true
            }
          },
          "description_kind": "plain"
        }
      },
      "resource_schemas": {
        "ciscoasa_access_in_rules": {
          "version": 0,
          "block": {
            "attributes": {
              "id": {
                "type": "string",
                "description_kind": "plain",
                "optional": true,
                "computed": true
              },
              "interface": {
                "type": "string",
                "description_kind": "plain",
                "required": true
              },
              "last_updated": {
                "type": "string",
                "description_kind": "plain",
                "optional": true,
                "computed": true
              },
              "managed": {
                "type": "bool",
                "description_kind": "plain",
                "optional": true
              }
            },
            "block_types": {
              "rule": {
                "nesting_mode": "list",
                "block": {
                  "attributes": {
                    "active": {
                      "type": "bool",
                      "description_kind": "plain",
                      "optional": true
                    },
                    "destination": {
                      "type": "string",
                      "description_kind": "plain",
                      "required": true
                    },
                    "destination_service": {
                      "type": "string",
                      "description_kind": "plain",
                      "required": true
                    },
                    "id": {
                      "type": "string",
                      "description_kind": "plain",
                      "computed": true
                    },
                    "permit": {
                      "type": "bool",
                      "description_kind": "plain",
                      "optional": true
                    },
                    "source": {
                      "type": "string",
                      "description_kind": "plain",
                      "required": true
                    },
                    "source_service": {
                      "type": "string",
                      "description_kind": "plain",
                      "optional": true
                    },
                    "time_range": {
                      "type": "string",
                      "description_kind": "plain",
                      "optional": true
                    }
                  },
                  "description_kind": "plain"
                },
                "min_items": 1
              }
            },
            "description_kind": "plain"
          }
        },
        "ciscoasa_access_out_rules": {
          "version": 0,
          "block": {
            "attributes": {
              "id": {
                "type": "string",
                "description_kind": "plain",
                "optional": true,
                "computed": true
              },
              "interface": {
                "type": "string",
                "description_kind": "plain",
                "required": true
              },
              "last_updated": {
                "type": "string",
                "description_kind": "plain",
                "optional": true,
                "computed": true
              },
              "managed": {
                "type": "bool",
                "description_kind": "plain",
                "optional": true
              }
            },
            "block_types": {
              "rule": {
                "nesting_mode": "list",
                "block": {
                  "attributes": {
                    "active": {
                      "type": "bool",
                      "description_kind": "plain",
                      "optional": true
                    },
                    "destination": {
                      "type": "string",
                      "description_kind": "plain",
                      "required": true
                    },
                    "destination_service": {
                      "type": "string",
                      "description_kind": "plain",
                      "required": true
                    },
                    "id": {
                      "type": "string",
                      "description_kind": "plain",
                      "computed": true
                    },
                    "permit": {
                      "type": "bool",
                      "description_kind": "plain",
                      "optional": true
                    },
                    "source": {
                      "type": "string",
                      "description_kind": "plain",
                      "required": true
                    },
                    "source_service": {
                      "type": "string",
                      "description_kind": "plain",
                      "optional": true
                    },
                    "time_range": {
                      "type": "string",
                      "description_kind": "plain",
                      "optional": true
                    }
                  },
                  "description_kind": "plain"
                },
                "min_items": 1
              }
            },
            "description_kind": "plain"
          }
        },
        "ciscoasa_acl": {
          "version": 0,
          "block": {
            "attributes": {
              "id": {
                "type": "string",
                "description_kind": "plain",
                "optional": true,
                "computed": true
              },
              "name": {
                "type": "string",
                "description_kind": "plain",
                "required": true
              }
            },
            "block_types": {
              "rule": {
                "nesting_mode": "list",
                "block": {
                  "attributes": {
                    "active": {
                      "type": "bool",
                      "description_kind": "plain",
                      "optional": true
                    },
                    "destination": {
                      "type": "string",
                      "description_kind": "plain",
                      "required": true
                    },
                    "destination_service": {
                      "type": "string",
                      "description_kind": "plain",
                      "required": true
                    },
                    "id": {
                      "type": "string",
                      "description_kind": "plain",
                      "computed": true
                    },
                    "log_interval": {
                      "type": "number",
                      "description_kind": "plain",
                      "optional": true
                    },
                    "log_status": {
                      "type": "string",
                      "description_kind": "plain",
                      "optional": true
                    },
                    "permit": {
                      "type": "bool",
                      "description_kind": "plain",
                      "optional": true
                    },
                    "remarks": {
                      "type": [
                        "list",
                        "string"
                      ],
                      "description_kind": "plain",
                      "optional": true
                    },
                    "source": {
                      "type": "string",
                      "description_kind": "plain",
                      "required": true
                    },
                    "source_service": {
                      "type": "string",
                      "description_kind": "plain",
                      "optional": true
                    }
                  },
                  "description_kind": "plain"
                },
                "min_items": 1
              }
            },
            "description_kind": "plain"
          }
        },
        "ciscoasa_backup": {
          "version": 0,
          "block": {
            "attributes": {
              "context": {
                "type": "string",
                "description_kind": "plain",
                "optional": true
              },
              "id": {
                "type": "string",
                "description_kind": "plain",
                "optional": true,
                "computed": true
              },
              "location": {
                "type": "string",
                "description_kind": "plain",
                "optional": true
              },
              "passphrase": {
                "type": "string",
                "description_kind": "plain",
                "optional": true
              }
            },
            "description_kind": "plain"
          }
        },
        "ciscoasa_dhcp_relay_globalsettings": {
          "version": 0,
          "block": {
            "attributes": {
              "id": {
                "type": "string",
                "description_kind": "plain",
                "optional": true,
                "computed": true
              },
              "ipv4_timeout": {
                "type": "number",
                "description_kind": "plain",
                "optional": true
              },
              "ipv6_timeout": {
                "type": "number",
                "description_kind": "plain",
                "optional": true
              },
              "trusted_on_all_interfaces": {
                "type": "bool",
                "description_kind": "plain",
                "optional": true
              }
            },
            "description_kind": "plain"
          }
        },
        "ciscoasa_dhcp_relay_local": {
          "version": 0,
          "block": {
            "attributes": {
              "id": {
                "type": "string",
                "description_kind": "plain",
                "optional": true,
                "computed": true
              },
              "interface": {
                "type": "string",
                "description_kind": "plain",
                "required": true
              },
              "last_updated": {
                "type": "string",
                "description_kind": "plain",
                "optional": true,
                "computed": true
              },
              "servers": {
                "type": [
                  "list",
                  "string"
                ],
                "description_kind": "plain",
                "required": true
              }
            },
            "description_kind": "plain"
          }
        },
        "ciscoasa_dhcp_server": {
          "version": 0,
          "block": {
            "attributes": {
              "auto_config_enabled": {
                "type": "bool",
                "description_kind": "plain",
                "optional": true
              },
              "auto_config_interface": {
                "type": "string",
                "description_kind": "plain",
                "optional": true
              },
              "ddns_override_client_settings": {
                "type": "bool",
                "description_kind": "plain",
                "optional": true
              },
              "ddns_update_both_records": {
                "type": "bool",
                "description_kind": "plain",
                "optional": true
              },
              "ddns_update_dns_client": {
                "type": "bool",
                "description_kind": "plain",
                "optional": true
              },
              "dns_ip_primary": {
                "type": "string",
                "description_kind": "plain",
                "optional": true
              },
              "dns_ip_secondary": {
                "type": "string",
                "description_kind": "plain",
                "optional": true
              },
              "domain_name": {
                "type": "string",
                "description_kind": "plain",
                "optional": true
              },
              "enabled": {
                "type": "bool",
                "description_kind": "plain",
                "optional": true
              },
              "id": {
                "type": "string",
                "description_kind": "plain",
                "optional": true,
                "computed": true
              },
              "interface": {
                "type": "string",
                "description_kind": "plain",
                "required": true
              },
              "lease_length": {
                "type": "string",
                "description_kind": "plain",
                "optional": true
              },
              "ping_timeout": {
                "type": "string",
                "description_kind": "plain",
                "optional": true
              },
              "pool_end_ip": {
                "type": "string",
                "description_kind": "plain",
                "optional": true
              },
              "pool_start_ip": {
                "type": "string",
                "description_kind": "plain",
                "optional": true
              },
              "vpn_override": {
                "type": "bool",
                "description_kind": "plain",
                "optional": true
              },
              "wins_ip_primary": {
                "type": "string",
                "description_kind": "plain",
                "optional": true
              },
              "wins_ip_secondary": {
                "type": "string",
                "description_kind": "plain",
                "optional": true
              }
            },
            "block_types": {
              "options": {
                "nesting_mode": "list",
                "block": {
                  "attributes": {
                    "code": {
                      "type": "number",
                      "description_kind": "plain",
                      "required": true
                    },
                    "type": {
                      "type": "string",
                      "description_kind": "plain",
                      "required": true
                    },
                    "value1": {
                      "type": "string",
                      "description_kind": "plain",
                      "required": true
                    },
                    "value2": {
                      "type": "string",
                      "description_kind": "plain",
                      "optional": true
                    }
                  },
                  "description_kind": "plain"
                }
              }
            },
            "description_kind": "plain"
          }
        },
        "ciscoasa_failover_interface": {
          "version": 0,
          "block": {
            "attributes": {
              "hardware_id": {
                "type": "string",
                "description_kind": "plain",
                "required": true
              },
              "id": {
                "type": "string",
                "description_kind": "plain",
                "optional": true,
                "computed": true
              },
              "monitored": {
                "type": "bool",
                "description_kind": "plain",
                "optional": true
              },
              "standby_ip": {
                "type": "string",
                "description_kind": "plain",
                "required": true
              }
            },
            "description_kind": "plain"
          }
        },
        "ciscoasa_failover_setup": {
          "version": 0,
          "block": {
            "attributes": {
              "enable": {
                "type": "bool",
                "description_kind": "plain",
                "optional": true
              },
              "failed_interfaces_threshold": {
                "type": "string",
                "description_kind": "plain",
                "optional": true
              },
              "failed_interfaces_threshold_unit": {
                "type": "string",
                "description_kind": "plain",
                "optional": true
              },
              "hex_key": {
                "type": "bool",
                "description_kind": "plain",
                "optional": true
              },
              "http_replication": {
                "type": "bool",
                "description_kind": "plain",
                "optional": true
              },
              "id": {
                "type": "string",
                "description_kind": "plain",
                "optional": true,
                "computed": true
              },
              "interface_hold_time": {
                "type": "string",
                "description_kind": "plain",
                "optional": true
              },
              "ipsec_key": {
                "type": "string",
                "description_kind": "plain",
                "optional": true
              },
              "lan_failover_name": {
                "type": "string",
                "description_kind": "plain",
                "optional": true
              },
              "lan_interface_hw_id": {
                "type": "string",
                "description_kind": "plain",
                "optional": true
              },
              "lan_net_mask": {
                "type": "string",
                "description_kind": "plain",
                "optional": true
              },
              "lan_preferred_role": {
                "type": "string",
                "description_kind": "plain",
                "optional": true
              },
              "lan_primary_ip": {
                "type": "string",
                "description_kind": "plain",
                "optional": true
              },
              "lan_secondary_ip": {
                "type": "string",
                "description_kind": "plain",
                "optional": true
              },
              "monitored_poll_time": {
                "type": "string",
                "description_kind": "plain",
                "optional": true
              },
              "monitored_poll_time_unit": {
                "type": "string",
                "description_kind": "plain",
                "optional": true
              },
              "replication_rate": {
                "type": "number",
                "description_kind": "plain",
                "optional": true
              },
              "shared_key": {
                "type": "string",
                "description_kind": "plain",
                "optional": true
              },
              "state_failover_name": {
                "type": "string",
                "description_kind": "plain",
                "optional": true
              },
              "state_interface_hw_id": {
                "type": "string",
                "description_kind": "plain",
                "optional": true
              },
              "state_net_mask": {
                "type": "string",
                "description_kind": "plain",
                "optional": true
              },
              "state_primary_ip": {
                "type": "string",
                "description_kind": "plain",
                "optional": true
              },
              "state_secondary_ip": {
                "type": "string",
                "description_kind": "plain",
                "optional": true
              },
              "unit_hold_time": {
                "type": "string",
                "description_kind": "plain",
                "optional": true
              },
              "unit_hold_time_unit": {
                "type": "string",
                "description_kind": "plain",
                "optional": true
              },
              "unit_poll_time": {
                "type": "string",
                "description_kind": "plain",
                "optional": true
              },
              "unit_poll_time_unit": {
                "type": "string",
                "description_kind": "plain",
                "optional": true
              }
            },
            "description_kind": "plain"
          }
        },
        "ciscoasa_interface_physical": {
          "version": 0,
          "block": {
            "attributes": {
              "active_mac_address": {
                "type": "string",
                "description_kind": "plain",
                "optional": true
              },
              "forward_traffic_cx": {
                "type": "bool",
                "description_kind": "plain",
                "optional": true
              },
              "forward_traffic_sfr": {
                "type": "bool",
                "description_kind": "plain",
                "optional": true
              },
              "hardware_id": {
                "type": "string",
                "description_kind": "plain",
                "required": true
              },
              "id": {
                "type": "string",
                "description_kind": "plain",
                "optional": true,
                "computed": true
              },
              "interface_desc": {
                "type": "string",
                "description_kind": "plain",
                "optional": true
              },
              "last_updated": {
                "type": "string",
                "description_kind": "plain",
                "optional": true,
                "computed": true
              },
              "management_only": {
                "type": "bool",
                "description_kind": "plain",
                "optional": true
              },
              "mtu": {
                "type": "number",
                "description_kind": "plain",
                "optional": true
              },
              "name": {
                "type": "string",
                "description_kind": "plain",
                "required": true
              },
              "security_level": {
                "type": "number",
                "description_kind": "plain",
                "required": true
              },
              "shutdown": {
                "type": "bool",
                "description_kind": "plain",
                "optional": true
              },
              "stand_by_mac_address": {
                "type": "string",
                "description_kind": "plain",
                "optional": true
              }
            },
            "block_types": {
              "ip_address": {
                "nesting_mode": "set",
                "block": {
                  "attributes": {
                    "dhcp": {
                      "type": [
                        "list",
                        [
                          "object",
                          {
                            "dhcp_broadcast": "bool",
                            "dhcp_client": [
                              "list",
                              [
                                "object",
                                {
                                  "metric": "number",
                                  "primary_track_id": "number",
                                  "set_default_route": "bool",
                                  "sla_tracking_settings": [
                                    "list",
                                    [
                                      "object",
                                      {
                                        "data_size_in_bytes": "number",
                                        "frequency_in_seconds": "number",
                                        "num_packets": "number",
                                        "sla_id": "number",
                                        "threshold_in_milliseconds": "number",
                                        "timeout_in_milliseconds": "number",
                                        "tos": "number",
                                        "tracked_ip": "string"
                                      }
                                    ]
                                  ],
                                  "tracking_enabled": "bool"
                                }
                              ]
                            ],
                            "dhcp_option_using_mac": "bool"
                          }
                        ]
                      ],
                      "description_kind": "plain",
                      "optional": true
                    },
                    "static": {
                      "type": [
                        "list",
                        [
                          "object",
                          {
                            "ip": "string",
                            "net_mask": "string"
                          }
                        ]
                      ],
                      "description_kind": "plain",
                      "optional": true
                    }
                  },
                  "description_kind": "plain"
                },
                "max_items": 1
              },
              "ipv6_info": {
                "nesting_mode": "set",
                "block": {
                  "attributes": {
                    "auto_config": {
                      "type": "bool",
                      "description_kind": "plain",
                      "optional": true
                    },
                    "dad_attempts": {
                      "type": "number",
                      "description_kind": "plain",
                      "optional": true
                    },
                    "enabled": {
                      "type": "bool",
                      "description_kind": "plain",
                      "optional": true
                    },
                    "enforce_eui64": {
                      "type": "bool",
                      "description_kind": "plain",
                      "optional": true
                    },
                    "ipv6_addresses": {
                      "type": [
                        "list",
                        [
                          "object",
                          {
                            "address": "string",
                            "prefix_length": "number",
                            "standby": "string"
                          }
                        ]
                      ],
                      "description_kind": "plain",
                      "optional": true
                    },
                    "link_local_address": {
                      "type": [
                        "list",
                        [
                          "object",
                          {
                            "address": "string",
                            "standby": "string"
                          }
                        ]
                      ],
                      "description_kind": "plain",
                      "optional": true
                    },
                    "managed_address_config": {
                      "type": "bool",
                      "description_kind": "plain",
                      "optional": true
                    },
                    "n_discovery_prefix_list": {
                      "type": [
                        "list",
                        [
                          "object",
                          {
                            "default_prefix": "bool",
                            "has_duration": "bool",
                            "no_advertise": "bool",
                            "off_link": "bool",
                            "preferred_lifetime": "number",
                            "valid_lifetime": "number"
                          }
                        ]
                      ],
                      "description_kind": "plain",
                      "optional": true
                    },
                    "ns_interval": {
                      "type": "number",
                      "description_kind": "plain",
                      "optional": true
                    },
                    "other_stateful_config": {
                      "type": "bool",
                      "description_kind": "plain",
                      "optional": true
                    },
                    "reachable_time": {
                      "type": "number",
                      "description_kind": "plain",
                      "optional": true
                    },
                    "router_advert_interval": {
                      "type": "number",
                      "description_kind": "plain",
                      "optional": true
                    },
                    "router_advert_interval_unit": {
                      "type": "string",
                      "description_kind": "plain",
                      "optional": true
                    },
                    "router_advert_lifetime": {
                      "type": "number",
                      "description_kind": "plain",
                      "optional": true
                    },
                    "suppress_router_advert": {
                      "type": "bool",
                      "description_kind": "plain",
                      "optional": true
                    }
                  },
                  "description_kind": "plain"
                },
                "max_items": 1
              }
            },
            "description_kind": "plain"
          }
        },
        "ciscoasa_interface_vlan": {
          "version": 0,
          "block": {
            "attributes": {
              "active_mac_address": {
                "type": "string",
                "description_kind": "plain",
                "optional": true
              },
              "forward_traffic_cx": {
                "type": "bool",
                "description_kind": "plain",
                "optional": true
              },
              "forward_traffic_sfr": {
                "type": "bool",
                "description_kind": "plain",
                "optional": true
              },
              "hardware_id": {
                "type": "string",
                "description_kind": "plain",
                "required": true
              },
              "id": {
                "type": "string",
                "description_kind": "plain",
                "optional": true,
                "computed": true
              },
              "interface_desc": {
                "type": "string",
                "description_kind": "plain",
                "optional": true
              },
              "last_updated": {
                "type": "string",
                "description_kind": "plain",
                "optional": true,
                "computed": true
              },
              "management_only": {
                "type": "bool",
                "description_kind": "plain",
                "optional": true
              },
              "mtu": {
                "type": "number",
                "description_kind": "plain",
                "optional": true
              },
              "name": {
                "type": "string",
                "description_kind": "plain",
                "required": true
              },
              "security_level": {
                "type": "number",
                "description_kind": "plain",
                "required": true
              },
              "shutdown": {
                "type": "bool",
                "description_kind": "plain",
                "optional": true
              },
              "stand_by_mac_address": {
                "type": "string",
                "description_kind": "plain",
                "optional": true
              },
              "vlan_id": {
                "type": "number",
                "description_kind": "plain",
                "optional": true,
                "computed": true
              }
            },
            "block_types": {
              "ip_address": {
                "nesting_mode": "set",
                "block": {
                  "attributes": {
                    "dhcp": {
                      "type": [
                        "list",
                        [
                          "object",
                          {
                            "dhcp_broadcast": "bool",
                            "dhcp_client": [
                              "list",
                              [
                                "object",
                                {
                                  "metric": "number",
                                  "primary_track_id": "number",
                                  "set_default_route": "bool",
                                  "sla_tracking_settings": [
                                    "list",
                                    [
                                      "object",
                                      {
                                        "data_size_in_bytes": "number",
                                        "frequency_in_seconds": "number",
                                        "num_packets": "number",
                                        "sla_id": "number",
                                        "threshold_in_milliseconds": "number",
                                        "timeout_in_milliseconds": "number",
                                        "tos": "number",
                                        "tracked_ip": "string"
                                      }
                                    ]
                                  ],
                                  "tracking_enabled": "bool"
                                }
                              ]
                            ],
                            "dhcp_option_using_mac": "bool"
                          }
                        ]
                      ],
                      "description_kind": "plain",
                      "optional": true
                    },
                    "static": {
                      "type": [
                        "list",
                        [
                          "object",
                          {
                            "ip": "string",
                            "net_mask": "string"
                          }
                        ]
                      ],
                      "description_kind": "plain",
                      "optional": true
                    }
                  },
                  "description_kind": "plain"
                },
                "max_items": 1
              },
              "ipv6_info": {
                "nesting_mode": "set",
                "block": {
                  "attributes": {
                    "auto_config": {
                      "type": "bool",
                      "description_kind": "plain",
                      "optional": true
                    },
                    "dad_attempts": {
                      "type": "number",
                      "description_kind": "plain",
                      "optional": true
                    },
                    "enabled": {
                      "type": "bool",
                      "description_kind": "plain",
                      "optional": true
                    },
                    "enforce_eui64": {
                      "type": "bool",
                      "description_kind": "plain",
                      "optional": true
                    },
                    "ipv6_addresses": {
                      "type": [
                        "list",
                        [
                          "object",
                          {
                            "address": "string",
                            "prefix_length": "number",
                            "standby": "string"
                          }
                        ]
                      ],
                      "description_kind": "plain",
                      "optional": true
                    },
                    "link_local_address": {
                      "type": [
                        "list",
                        [
                          "object",
                          {
                            "address": "string",
                            "standby": "string"
                          }
                        ]
                      ],
                      "description_kind": "plain",
                      "optional": true
                    },
                    "managed_address_config": {
                      "type": "bool",
                      "description_kind": "plain",
                      "optional": true
                    },
                    "n_discovery_prefix_list": {
                      "type": [
                        "list",
                        [
                          "object",
                          {
                            "default_prefix": "bool",
                            "has_duration": "bool",
                            "no_advertise": "bool",
                            "off_link": "bool",
                            "preferred_lifetime": "number",
                            "valid_lifetime": "number"
                          }
                        ]
                      ],
                      "description_kind": "plain",
                      "optional": true
                    },
                    "ns_interval": {
                      "type": "number",
                      "description_kind": "plain",
                      "optional": true
                    },
                    "other_stateful_config": {
                      "type": "bool",
                      "description_kind": "plain",
                      "optional": true
                    },
                    "reachable_time": {
                      "type": "number",
                      "description_kind": "plain",
                      "optional": true
                    },
                    "router_advert_interval": {
                      "type": "number",
                      "description_kind": "plain",
                      "optional": true
                    },
                    "router_advert_interval_unit": {
                      "type": "string",
                      "description_kind": "plain",
                      "optional": true
                    },
                    "router_advert_lifetime": {
                      "type": "number",
                      "description_kind": "plain",
                      "optional": true
                    },
                    "suppress_router_advert": {
                      "type": "bool",
                      "description_kind": "plain",
                      "optional": true
                    }
                  },
                  "description_kind": "plain"
                },
                "max_items": 1
              }
            },
            "description_kind": "plain"
          }
        },
        "ciscoasa_license_config": {
          "version": 0,
          "block": {
            "attributes": {
              "id": {
                "type": "string",
                "description_kind": "plain",
                "optional": true,
                "computed": true
              },
              "license_server_url": {
                "type": "string",
                "description_kind": "plain",
                "optional": true
              },
              "privacy_host_name": {
                "type": "bool",
                "description_kind": "plain",
                "optional": true
              },
              "privacy_version": {
                "type": "bool",
                "description_kind": "plain",
                "optional": true
              },
              "throughput": {
                "type": "string",
                "description_kind": "plain",
                "required": true
              },
              "transport_url": {
                "type": "bool",
                "description_kind": "plain",
                "optional": true
              }
            },
            "description_kind": "plain"
          }
        },
        "ciscoasa_license_register": {
          "version": 0,
          "block": {
            "attributes": {
              "force": {
                "type": "bool",
                "description_kind": "plain",
                "optional": true
              },
              "id": {
                "type": "string",
                "description_kind": "plain",
                "optional": true,
                "computed": true
              },
              "id_token": {
                "type": "string",
                "description_kind": "plain",
                "optional": true
              }
            },
            "description_kind": "plain"
          }
        },
        "ciscoasa_license_renewauth": {
          "version": 0,
          "block": {
            "attributes": {
              "id": {
                "type": "string",
                "description_kind": "plain",
                "optional": true,
                "computed": true
              }
            },
            "description_kind": "plain"
          }
        },
        "ciscoasa_license_renewid": {
          "version": 0,
          "block": {
            "attributes": {
              "id": {
                "type": "string",
                "description_kind": "plain",
                "optional": true,
                "computed": true
              }
            },
            "description_kind": "plain"
          }
        },
        "ciscoasa_nat": {
          "version": 0,
          "block": {
            "attributes": {
              "active": {
                "type": "bool",
                "description_kind": "plain",
                "optional": true
              },
              "block_allocation": {
                "type": "bool",
                "description_kind": "plain",
                "optional": true
              },
              "description": {
                "type": "string",
                "description_kind": "plain",
                "optional": true
              },
              "dns": {
                "type": "bool",
                "description_kind": "plain",
                "optional": true
              },
              "extended": {
                "type": "bool",
                "description_kind": "plain",
                "optional": true
              },
              "flat": {
                "type": "bool",
                "description_kind": "plain",
                "optional": true
              },
              "id": {
                "type": "string",
                "description_kind": "plain",
                "optional": true,
                "computed": true
              },
              "include_reserve": {
                "type": "bool",
                "description_kind": "plain",
                "optional": true
              },
              "interface_pat": {
                "type": "bool",
                "description_kind": "plain",
                "optional": true
              },
              "last_updated": {
                "type": "string",
                "description_kind": "plain",
                "optional": true,
                "computed": true
              },
              "mode": {
                "type": "string",
                "description_kind": "plain",
                "required": true
              },
              "net_to_net": {
                "type": "bool",
                "description_kind": "plain",
                "optional": true
              },
              "no_proxy_arp": {
                "type": "bool",
                "description_kind": "plain",
                "optional": true
              },
              "original_destination_kind": {
                "type": "string",
                "description_kind": "plain",
                "optional": true
              },
              "original_destination_value": {
                "type": "string",
                "description_kind": "plain",
                "optional": true
              },
              "original_interface_name": {
                "type": "string",
                "description_kind": "plain",
                "optional": true
              },
              "original_service_kind": {
                "type": "string",
                "description_kind": "plain",
                "optional": true
              },
              "original_service_value": {
                "type": "string",
                "description_kind": "plain",
                "optional": true
              },
              "original_source_kind": {
                "type": "string",
                "description_kind": "plain",
                "optional": true
              },
              "original_source_value": {
                "type": "string",
                "description_kind": "plain",
                "optional": true
              },
              "pat_pool": {
                "type": "bool",
                "description_kind": "plain",
                "optional": true
              },
              "position": {
                "type": "number",
                "description_kind": "plain",
                "optional": true,
                "computed": true
              },
              "round_robin": {
                "type": "bool",
                "description_kind": "plain",
                "optional": true
              },
              "route_lookup": {
                "type": "bool",
                "description_kind": "plain",
                "optional": true
              },
              "section": {
                "type": "string",
                "description_kind": "plain",
                "required": true
              },
              "translated_destination_kind": {
                "type": "string",
                "description_kind": "plain",
                "optional": true
              },
              "translated_destination_value": {
                "type": "string",
                "description_kind": "plain",
                "optional": true
              },
              "translated_interface_name": {
                "type": "string",
                "description_kind": "plain",
                "optional": true
              },
              "translated_service_kind": {
                "type": "string",
                "description_kind": "plain",
                "optional": true
              },
              "translated_service_value": {
                "type": "string",
                "description_kind": "plain",
                "optional": true
              },
              "translated_source_kind": {
                "type": "string",
                "description_kind": "plain",
                "optional": true
              },
              "translated_source_pat_pool_kind": {
                "type": "string",
                "description_kind": "plain",
                "optional": true
              },
              "translated_source_pat_pool_value": {
                "type": "string",
                "description_kind": "plain",
                "optional": true
              },
              "translated_source_value": {
                "type": "string",
                "description_kind": "plain",
                "optional": true
              },
              "unidirectional": {
                "type": "bool",
                "description_kind": "plain",
                "optional": true
              },
              "use_destination_interface_ipv6": {
                "type": "bool",
                "description_kind": "plain",
                "optional": true
              },
              "use_source_interface_ipv6": {
                "type": "bool",
                "description_kind": "plain",
                "optional": true
              }
            },
            "description_kind": "plain"
          }
        },
        "ciscoasa_network_object": {
          "version": 0,
          "block": {
            "attributes": {
              "id": {
                "type": "string",
                "description_kind": "plain",
                "optional": true,
                "computed": true
              },
              "name": {
                "type": "string",
                "description_kind": "plain",
                "required": true
              },
              "value": {
                "type": "string",
                "description_kind": "plain",
                "required": true
              }
            },
            "description_kind": "plain"
          }
        },
        "ciscoasa_network_object_group": {
          "version": 0,
          "block": {
            "attributes": {
              "id": {
                "type": "string",
                "description_kind": "plain",
                "optional": true,
                "computed": true
              },
              "members": {
                "type": [
                  "set",
                  "string"
                ],
                "description_kind": "plain",
                "required": true
              },
              "name": {
                "type": "string",
                "description_kind": "plain",
                "required": true
              }
            },
            "description_kind": "plain"
          }
        },
        "ciscoasa_network_service": {
          "version": 0,
          "block": {
            "attributes": {
              "id": {
                "type": "string",
                "description_kind": "plain",
                "optional": true,
                "computed": true
              },
              "name": {
                "type": "string",
                "description_kind": "plain",
                "required": true
              },
              "value": {
                "type": "string",
                "description_kind": "plain",
                "required": true
              }
            },
            "description_kind": "plain"
          }
        },
        "ciscoasa_network_service_group": {
          "version": 0,
          "block": {
            "attributes": {
              "id": {
                "type": "string",
                "description_kind": "plain",
                "optional": true,
                "computed": true
              },
              "members": {
                "type": [
                  "set",
                  "string"
                ],
                "description_kind": "plain",
                "required": true
              },
              "name": {
                "type": "string",
                "description_kind": "plain",
                "required": true
              }
            },
            "description_kind": "plain"
          }
        },
        "ciscoasa_ntp_server": {
          "version": 0,
          "block": {
            "attributes": {
              "id": {
                "type": "string",
                "description_kind": "plain",
                "optional": true,
                "computed": true
              },
              "interface": {
                "type": "string",
                "description_kind": "plain",
                "optional": true
              },
              "ip_address": {
                "type": "string",
                "description_kind": "plain",
                "required": true
              },
              "key_number": {
                "type": "string",
                "description_kind": "plain",
                "required": true
              },
              "key_trusted": {
                "type": "bool",
                "description_kind": "plain",
                "optional": true
              },
              "key_value": {
                "type": "string",
                "description_kind": "plain",
                "required": true
              },
              "last_updated": {
                "type": "string",
                "description_kind": "plain",
                "optional": true,
                "computed": true
              },
              "preferred": {
                "type": "bool",
                "description_kind": "plain",
                "optional": true
              }
            },
            "description_kind": "plain"
          }
        },
        "ciscoasa_static_route": {
          "version": 0,
          "block": {
            "attributes": {
              "gateway": {
                "type": "string",
                "description_kind": "plain",
                "required": true
              },
              "id": {
                "type": "string",
                "description_kind": "plain",
                "optional": true,
                "computed": true
              },
              "interface": {
                "type": "string",
                "description_kind": "plain",
                "required": true
              },
              "metric": {
                "type": "number",
                "description_kind": "plain",
                "optional": true
              },
              "network": {
                "type": "string",
                "description_kind": "plain",
                "required": true
              },
              "tracked": {
                "type": "bool",
                "description_kind": "plain",
                "optional": true
              },
              "tunneled": {
                "type": "bool",
                "description_kind": "plain",
                "optional": true
              }
            },
            "description_kind": "plain"
          }
        },
        "ciscoasa_timerange": {
          "version": 0,
          "block": {
            "attributes": {
              "id": {
                "type": "string",
                "description_kind": "plain",
                "optional": true,
                "computed": true
              },
              "last_updated": {
                "type": "string",
                "description_kind": "plain",
                "optional": true,
                "computed": true
              },
              "name": {
                "type": "string",
                "description_kind": "plain",
                "required": true
              }
            },
            "block_types": {
              "value": {
                "nesting_mode": "list",
                "block": {
                  "attributes": {
                    "end": {
                      "type": "string",
                      "description_kind": "plain",
                      "required": true
                    },
                    "start": {
                      "type": "string",
                      "description_kind": "plain",
                      "required": true
                    }
                  },
                  "block_types": {
                    "periodic": {
                      "nesting_mode": "set",
                      "block": {
                        "attributes": {
                          "end_hour": {
                            "type": "number",
                            "description_kind": "plain",
                            "required": true
                          },
                          "end_minute": {
                            "type": "number",
                            "description_kind": "plain",
                            "required": true
                          },
                          "frequency": {
                            "type": "string",
                            "description_kind": "plain",
                            "required": true
                          },
                          "start_hour": {
                            "type": "number",
                            "description_kind": "plain",
                            "required": true
                          },
                          "start_minute": {
                            "type": "number",
                            "description_kind": "plain",
                            "required": true
                          }
                        },
                        "description_kind": "plain"
                      }
                    }
                  },
                  "description_kind": "plain"
                },
                "min_items": 1,
                "max_items": 1
              }
            },
            "description_kind": "plain"
          }
        },
        "ciscoasa_write_memory": {
          "version": 0,
          "block": {
            "attributes": {
              "id": {
                "type": "string",
                "description": "This is set to a random value at create time.",
                "description_kind": "plain",
                "computed": true
              },
              "triggers": {
                "type": [
                  "map",
                  "string"
                ],
                "description": "A map of arbitrary strings that, when changed, will force the write_memory resource to be replaced, re-running saving changes.",
                "description_kind": "plain",
                "optional": true
              }
            },
            "description": "The `null_resource` resource implements the standard resource lifecycle but takes no further action.\nThe `triggers` argument allows specifying an arbitrary set of values that, when changed, will cause the resource to be replaced.",
            "description_kind": "plain"
          }
        }
      },
      "data_source_schemas": {
        "ciscoasa_interface_physical": {
          "version": 0,
          "block": {
            "attributes": {
              "active_mac_address": {
                "type": "string",
                "description_kind": "plain",
                "computed": true
              },
              "forward_traffic_cx": {
                "type": "bool",
                "description_kind": "plain",
                "computed": true
              },
              "forward_traffic_sfr": {
                "type": "bool",
                "description_kind": "plain",
                "computed": true
              },
              "hardware_id": {
                "type": "string",
                "description_kind": "plain",
                "required": true
              },
              "id": {
                "type": "string",
                "description_kind": "plain",
                "optional": true,
                "computed": true
              },
              "interface_desc": {
                "type": "string",
                "description_kind": "plain",
                "computed": true
              },
              "ip_address": {
                "type": [
                  "list",
                  [
                    "object",
                    {
                      "dhcp": [
                        "list",
                        [
                          "object",
                          {
                            "dhcp_broadcast": "bool",
                            "dhcp_client": [
                              "list",
                              [
                                "object",
                                {
                                  "metric": "number",
                                  "primary_track_id": "number",
                                  "set_default_route": "bool",
                                  "sla_tracking_settings": [
                                    "list",
                                    [
                                      "object",
                                      {
                                        "data_size_in_bytes": "number",
                                        "frequency_in_seconds": "number",
                                        "num_packets": "number",
                                        "sla_id": "number",
                                        "threshold_in_milliseconds": "number",
                                        "timeout_in_milliseconds": "number",
                                        "tos": "number",
                                        "tracked_ip": "string"
                                      }
                                    ]
                                  ],
                                  "tracking_enabled": "bool"
                                }
                              ]
                            ],
                            "dhcp_option_using_mac": "bool"
                          }
                        ]
                      ],
                      "static": [
                        "list",
                        [
                          "object",
                          {
                            "ip": "string",
                            "net_mask": "string"
                          }
                        ]
                      ]
                    }
                  ]
                ],
                "description_kind": "plain",
                "computed": true
              },
              "ipv6_info": {
                "type": [
                  "list",
                  [
                    "object",
                    {
                      "auto_config": "bool",
                      "dad_attempts": "number",
                      "enabled": "bool",
                      "enforce_eui64": "bool",
                      "ipv6_addresses": [
                        "list",
                        [
                          "object",
                          {
                            "address": "string",
                            "prefix_length": "number",
                            "standby": "string"
                          }
                        ]
                      ],
                      "link_local_address": [
                        "list",
                        [
                          "object",
                          {
                            "address": "string",
                            "standby": "string"
                          }
                        ]
                      ],
                      "managed_address_config": "bool",
                      "n_discovery_prefix_list": [
                        "list",
                        [
                          "object",
                          {
                            "default_prefix": "bool",
                            "has_duration": "bool",
                            "no_advertise": "bool",
                            "off_link": "bool",
                            "preferred_lifetime": "number",
                            "valid_lifetime": "number"
                          }
                        ]
                      ],
                      "ns_interval": "number",
                      "other_stateful_config": "bool",
                      "reachable_time": "number",
                      "router_advert_interval": "number",
                      "router_advert_interval_unit": "string",
                      "router_advert_lifetime": "number",
                      "suppress_router_advert": "bool"
                    }
                  ]
                ],
                "description_kind": "plain",
                "computed": true
              },
              "management_only": {
                "type": "bool",
                "description_kind": "plain",
                "computed": true
              },
              "mtu": {
                "type": "number",
                "description_kind": "plain",
                "computed": true
              },
              "name": {
                "type": "string",
                "description_kind": "plain",
                "computed": true
              },
              "security_level": {
                "type": "number",
                "description_kind": "plain",
                "computed": true
              },
              "shutdown": {
                "type": "bool",
                "description_kind": "plain",
                "computed": true
              },
              "stand_by_mac_address": {
                "type": "string",
                "description_kind": "plain",
                "computed": true
              }
            },
            "description_kind": "plain"
          }
        },
        "ciscoasa_interface_vlan": {
          "version": 0,
          "block": {
            "attributes": {
              "active_mac_address": {
                "type": "string",
                "description_kind": "plain",
                "computed": true
              },
              "forward_traffic_cx": {
                "type": "bool",
                "description_kind": "plain",
                "computed": true
              },
              "forward_traffic_sfr": {
                "type": "bool",
                "description_kind": "plain",
                "computed": true
              },
              "hardware_id": {
                "type": "string",
                "description_kind": "plain",
                "required": true
              },
              "id": {
                "type": "string",
                "description_kind": "plain",
                "optional": true,
                "computed": true
              },
              "interface_desc": {
                "type": "string",
                "description_kind": "plain",
                "computed": true
              },
              "ip_address": {
                "type": [
                  "list",
                  [
                    "object",
                    {
                      "dhcp": [
                        "list",
                        [
                          "object",
                          {
                            "dhcp_broadcast": "bool",
                            "dhcp_client": [
                              "list",
                              [
                                "object",
                                {
                                  "metric": "number",
                                  "primary_track_id": "number",
                                  "set_default_route": "bool",
                                  "sla_tracking_settings": [
                                    "list",
                                    [
                                      "object",
                                      {
                                        "data_size_in_bytes": "number",
                                        "frequency_in_seconds": "number",
                                        "num_packets": "number",
                                        "sla_id": "number",
                                        "threshold_in_milliseconds": "number",
                                        "timeout_in_milliseconds": "number",
                                        "tos": "number",
                                        "tracked_ip": "string"
                                      }
                                    ]
                                  ],
                                  "tracking_enabled": "bool"
                                }
                              ]
                            ],
                            "dhcp_option_using_mac": "bool"
                          }
                        ]
                      ],
                      "static": [
                        "list",
                        [
                          "object",
                          {
                            "ip": "string",
                            "net_mask": "string"
                          }
                        ]
                      ]
                    }
                  ]
                ],
                "description_kind": "plain",
                "computed": true
              },
              "ipv6_info": {
                "type": [
                  "list",
                  [
                    "object",
                    {
                      "auto_config": "bool",
                      "dad_attempts": "number",
                      "enabled": "bool",
                      "enforce_eui64": "bool",
                      "ipv6_addresses": [
                        "list",
                        [
                          "object",
                          {
                            "address": "string",
                            "prefix_length": "number",
                            "standby": "string"
                          }
                        ]
                      ],
                      "link_local_address": [
                        "list",
                        [
                          "object",
                          {
                            "address": "string",
                            "standby": "string"
                          }
                        ]
                      ],
                      "managed_address_config": "bool",
                      "n_discovery_prefix_list": [
                        "list",
                        [
                          "object",
                          {
                            "default_prefix": "bool",
                            "has_duration": "bool",
                            "no_advertise": "bool",
                            "off_link": "bool",
                            "preferred_lifetime": "number",
                            "valid_lifetime": "number"
                          }
                        ]
                      ],
                      "ns_interval": "number",
                      "other_stateful_config": "bool",
                      "reachable_time": "number",
                      "router_advert_interval": "number",
                      "router_advert_interval_unit": "string",
                      "router_advert_lifetime": "number",
                      "suppress_router_advert": "bool"
                    }
                  ]
                ],
                "description_kind": "plain",
                "computed": true
              },
              "management_only": {
                "type": "bool",
                "description_kind": "plain",
                "computed": true
              },
              "mtu": {
                "type": "number",
                "description_kind": "plain",
                "computed": true
              },
              "name": {
                "type": "string",
                "description_kind": "plain",
                "computed": true
              },
              "security_level": {
                "type": "number",
                "description_kind": "plain",
                "computed": true
              },
              "shutdown": {
                "type": "bool",
                "description_kind": "plain",
                "computed": true
              },
              "stand_by_mac_address": {
                "type": "string",
                "description_kind": "plain",
                "computed": true
              },
              "vlan_id": {
                "type": "number",
                "description_kind": "plain",
                "computed": true
              }
            },
            "description_kind": "plain"
          }
        },
        "ciscoasa_interfaces_physical": {
          "version": 0,
          "block": {
            "attributes": {
              "id": {
                "type": "string",
                "description_kind": "plain",
                "optional": true,
                "computed": true
              },
              "interfaces_physical": {
                "type": [
                  "list",
                  [
                    "object",
                    {
                      "active_mac_address": "string",
                      "forward_traffic_cx": "bool",
                      "forward_traffic_sfr": "bool",
                      "hardware_id": "string",
                      "id": "string",
                      "interface_desc": "string",
                      "ip_address": [
                        "list",
                        [
                          "object",
                          {
                            "dhcp": [
                              "list",
                              [
                                "object",
                                {
                                  "dhcp_broadcast": "bool",
                                  "dhcp_client": [
                                    "list",
                                    [
                                      "object",
                                      {
                                        "metric": "number",
                                        "primary_track_id": "number",
                                        "set_default_route": "bool",
                                        "sla_tracking_settings": [
                                          "list",
                                          [
                                            "object",
                                            {
                                              "data_size_in_bytes": "number",
                                              "frequency_in_seconds": "number",
                                              "num_packets": "number",
                                              "sla_id": "number",
                                              "threshold_in_milliseconds": "number",
                                              "timeout_in_milliseconds": "number",
                                              "tos": "number",
                                              "tracked_ip": "string"
                                            }
                                          ]
                                        ],
                                        "tracking_enabled": "bool"
                                      }
                                    ]
                                  ],
                                  "dhcp_option_using_mac": "bool"
                                }
                              ]
                            ],
                            "static": [
                              "list",
                              [
                                "object",
                                {
                                  "ip": "string",
                                  "net_mask": "string"
                                }
                              ]
                            ]
                          }
                        ]
                      ],
                      "ipv6_info": [
                        "list",
                        [
                          "object",
                          {
                            "auto_config": "bool",
                            "dad_attempts": "number",
                            "enabled": "bool",
                            "enforce_eui64": "bool",
                            "ipv6_addresses": [
                              "list",
                              [
                                "object",
                                {
                                  "address": "string",
                                  "prefix_length": "number",
                                  "standby": "string"
                                }
                              ]
                            ],
                            "link_local_address": [
                              "list",
                              [
                                "object",
                                {
                                  "address": "string",
                                  "standby": "string"
                                }
                              ]
                            ],
                            "managed_address_config": "bool",
                            "n_discovery_prefix_list": [
                              "list",
                              [
                                "object",
                                {
                                  "default_prefix": "bool",
                                  "has_duration": "bool",
                                  "no_advertise": "bool",
                                  "off_link": "bool",
                                  "preferred_lifetime": "number",
                                  "valid_lifetime": "number"
                                }
                              ]
                            ],
                            "ns_interval": "number",
                            "other_stateful_config": "bool",
                            "reachable_time": "number",
                            "router_advert_interval": "number",
                            "router_advert_interval_unit": "string",
                            "router_advert_lifetime": "number",
                            "suppress_router_advert": "bool"
                          }
                        ]
                      ],
                      "management_only": "bool",
                      "mtu": "number",
                      "name": "string",
                      "security_level": "number",
                      "shutdown": "bool",
                      "stand_by_mac_address": "string"
                    }
                  ]
                ],
                "description_kind": "plain",
                "computed": true
              }
            },
            "description_kind": "plain"
          }
        },
        "ciscoasa_interfaces_vlan": {
          "version": 0,
          "block": {
            "attributes": {
              "id": {
                "type": "string",
                "description_kind": "plain",
                "optional": true,
                "computed": true
              },
              "interfaces_vlan": {
                "type": [
                  "list",
                  [
                    "object",
                    {
                      "active_mac_address": "string",
                      "forward_traffic_cx": "bool",
                      "forward_traffic_sfr": "bool",
                      "hardware_id": "string",
                      "id": "string",
                      "interface_desc": "string",
                      "ip_address": [
                        "list",
                        [
                          "object",
                          {
                            "dhcp": [
                              "list",
                              [
                                "object",
                                {
                                  "dhcp_broadcast": "bool",
                                  "dhcp_client": [
                                    "list",
                                    [
                                      "object",
                                      {
                                        "metric": "number",
                                        "primary_track_id": "number",
                                        "set_default_route": "bool",
                                        "sla_tracking_settings": [
                                          "list",
                                          [
                                            "object",
                                            {
                                              "data_size_in_bytes": "number",
                                              "frequency_in_seconds": "number",
                                              "num_packets": "number",
                                              "sla_id": "number",
                                              "threshold_in_milliseconds": "number",
                                              "timeout_in_milliseconds": "number",
                                              "tos": "number",
                                              "tracked_ip": "string"
                                            }
                                          ]
                                        ],
                                        "tracking_enabled": "bool"
                                      }
                                    ]
                                  ],
                                  "dhcp_option_using_mac": "bool"
                                }
                              ]
                            ],
                            "static": [
                              "list",
                              [
                                "object",
                                {
                                  "ip": "string",
                                  "net_mask": "string"
                                }
                              ]
                            ]
                          }
                        ]
                      ],
                      "ipv6_info": [
                        "list",
                        [
                          "object",
                          {
                            "auto_config": "bool",
                            "dad_attempts": "number",
                            "enabled": "bool",
                            "enforce_eui64": "bool",
                            "ipv6_addresses": [
                              "list",
                              [
                                "object",
                                {
                                  "address": "string",
                                  "prefix_length": "number",
                                  "standby": "string"
                                }
                              ]
                            ],
                            "link_local_address": [
                              "list",
                              [
                                "object",
                                {
                                  "address": "string",
                                  "standby": "string"
                                }
                              ]
                            ],
                            "managed_address_config": "bool",
                            "n_discovery_prefix_list": [
                              "list",
                              [
                                "object",
                                {
                                  "default_prefix": "bool",
                                  "has_duration": "bool",
                                  "no_advertise": "bool",
                                  "off_link": "bool",
                                  "preferred_lifetime": "number",
                                  "valid_lifetime": "number"
                                }
                              ]
                            ],
                            "ns_interval": "number",
                            "other_stateful_config": "bool",
                            "reachable_time": "number",
                            "router_advert_interval": "number",
                            "router_advert_interval_unit": "string",
                            "router_advert_lifetime": "number",
                            "suppress_router_advert": "bool"
                          }
                        ]
                      ],
                      "management_only": "bool",
                      "mtu": "number",
                      "name": "string",
                      "security_level": "number",
                      "shutdown": "bool",
                      "stand_by_mac_address": "string",
                      "vlan_id": "number"
                    }
                  ]
                ],
                "description_kind": "plain",
                "computed": true
              }
            },
            "description_kind": "plain"
          }
        },
        "ciscoasa_network_object": {
          "version": 0,
          "block": {
            "attributes": {
              "id": {
                "type": "string",
                "description_kind": "plain",
                "optional": true,
                "computed": true
              },
              "name": {
                "type": "string",
                "description_kind": "plain",
                "required": true
              },
              "value": {
                "type": "string",
                "description_kind": "plain",
                "computed": true
              }
            },
            "description_kind": "plain"
          }
        },
        "ciscoasa_network_objects": {
          "version": 0,
          "block": {
            "attributes": {
              "id": {
                "type": "string",
                "description_kind": "plain",
                "optional": true,
                "computed": true
              },
              "network_objects": {
                "type": [
                  "list",
                  [
                    "object",
                    {
                      "name": "string",
                      "value": "string"
                    }
                  ]
                ],
                "description_kind": "plain",
                "computed": true
              }
            },
            "description_kind": "plain"
          }
        },
        "ciscoasa_network_service": {
          "version": 0,
          "block": {
            "attributes": {
              "id": {
                "type": "string",
                "description_kind": "plain",
                "optional": true,
                "computed": true
              },
              "name": {
                "type": "string",
                "description_kind": "plain",
                "required": true
              },
              "value": {
                "type": "string",
                "description_kind": "plain",
                "computed": true
              }
            },
            "description_kind": "plain"
          }
        },
        "ciscoasa_network_services": {
          "version": 0,
          "block": {
            "attributes": {
              "id": {
                "type": "string",
                "description_kind": "plain",
                "optional": true,
                "computed": true
              },
              "network_services": {
                "type": [
                  "list",
                  [
                    "object",
                    {
                      "name": "string",
                      "value": "string"
                    }
                  ]
                ],
                "description_kind": "plain",
                "computed": true
              }
            },
            "description_kind": "plain"
          }
        }
      }
    }
  }
}
