{
  "format_version": "1.0",
  "provider_schemas": {
    "registry.terraform.io/cloudscale-ch/cloudscale": {
      "provider": {
        "version": 0,
        "block": {
          "attributes": {
            "token": {
              "type": "string",
              "description": "The token for API operations.",
              "description_kind": "plain",
              "required": true
            }
          },
          "description_kind": "plain"
        }
      },
      "resource_schemas": {
        "cloudscale_custom_image": {
          "version": 0,
          "block": {
            "attributes": {
              "checksums": {
                "type": [
                  "map",
                  "string"
                ],
                "description_kind": "plain",
                "computed": true
              },
              "firmware_type": {
                "type": "string",
                "description_kind": "plain",
                "optional": true,
                "computed": true
              },
              "href": {
                "type": "string",
                "description_kind": "plain",
                "computed": true
              },
              "id": {
                "type": "string",
                "description_kind": "plain",
                "optional": true,
                "computed": true
              },
              "import_href": {
                "type": "string",
                "description_kind": "plain",
                "computed": true
              },
              "import_source_format": {
                "type": "string",
                "description_kind": "plain",
                "optional": true
              },
              "import_status": {
                "type": "string",
                "description_kind": "plain",
                "computed": true
              },
              "import_url": {
                "type": "string",
                "description_kind": "plain",
                "required": true
              },
              "import_uuid": {
                "type": "string",
                "description_kind": "plain",
                "computed": true
              },
              "name": {
                "type": "string",
                "description_kind": "plain",
                "required": true
              },
              "size_gb": {
                "type": "number",
                "description_kind": "plain",
                "computed": true
              },
              "slug": {
                "type": "string",
                "description_kind": "plain",
                "optional": true
              },
              "tags": {
                "type": [
                  "map",
                  "string"
                ],
                "description_kind": "plain",
                "optional": true
              },
              "user_data_handling": {
                "type": "string",
                "description_kind": "plain",
                "required": true
              },
              "zone_slugs": {
                "type": [
                  "set",
                  "string"
                ],
                "description_kind": "plain",
                "required": true
              }
            },
            "block_types": {
              "timeouts": {
                "nesting_mode": "single",
                "block": {
                  "attributes": {
                    "create": {
                      "type": "string",
                      "description_kind": "plain",
                      "optional": true
                    }
                  },
                  "description_kind": "plain"
                }
              }
            },
            "description_kind": "plain"
          }
        },
        "cloudscale_floating_ip": {
          "version": 0,
          "block": {
            "attributes": {
              "href": {
                "type": "string",
                "description_kind": "plain",
                "computed": true
              },
              "id": {
                "type": "string",
                "description_kind": "plain",
                "optional": true,
                "computed": true
              },
              "ip_version": {
                "type": "number",
                "description_kind": "plain",
                "required": true
              },
              "load_balancer": {
                "type": "string",
                "description_kind": "plain",
                "optional": true
              },
              "network": {
                "type": "string",
                "description_kind": "plain",
                "computed": true
              },
              "next_hop": {
                "type": "string",
                "description_kind": "plain",
                "computed": true
              },
              "prefix_length": {
                "type": "number",
                "description_kind": "plain",
                "optional": true,
                "computed": true
              },
              "region_slug": {
                "type": "string",
                "description_kind": "plain",
                "optional": true,
                "computed": true
              },
              "reverse_ptr": {
                "type": "string",
                "description_kind": "plain",
                "optional": true,
                "computed": true
              },
              "server": {
                "type": "string",
                "description_kind": "plain",
                "optional": true
              },
              "tags": {
                "type": [
                  "map",
                  "string"
                ],
                "description_kind": "plain",
                "optional": true
              },
              "type": {
                "type": "string",
                "description_kind": "plain",
                "optional": true,
                "computed": true
              }
            },
            "description_kind": "plain"
          }
        },
        "cloudscale_load_balancer": {
          "version": 0,
          "block": {
            "attributes": {
              "flavor_slug": {
                "type": "string",
                "description_kind": "plain",
                "required": true
              },
              "href": {
                "type": "string",
                "description_kind": "plain",
                "computed": true
              },
              "id": {
                "type": "string",
                "description_kind": "plain",
                "optional": true,
                "computed": true
              },
              "name": {
                "type": "string",
                "description_kind": "plain",
                "required": true
              },
              "status": {
                "type": "string",
                "description_kind": "plain",
                "computed": true
              },
              "tags": {
                "type": [
                  "map",
                  "string"
                ],
                "description_kind": "plain",
                "optional": true
              },
              "zone_slug": {
                "type": "string",
                "description_kind": "plain",
                "required": true
              }
            },
            "block_types": {
              "vip_addresses": {
                "nesting_mode": "list",
                "block": {
                  "attributes": {
                    "address": {
                      "type": "string",
                      "description_kind": "plain",
                      "optional": true,
                      "computed": true
                    },
                    "subnet_cidr": {
                      "type": "string",
                      "description_kind": "plain",
                      "computed": true
                    },
                    "subnet_href": {
                      "type": "string",
                      "description_kind": "plain",
                      "computed": true
                    },
                    "subnet_uuid": {
                      "type": "string",
                      "description_kind": "plain",
                      "optional": true,
                      "computed": true
                    },
                    "version": {
                      "type": "number",
                      "description_kind": "plain",
                      "computed": true
                    }
                  },
                  "description_kind": "plain"
                }
              }
            },
            "description_kind": "plain"
          }
        },
        "cloudscale_load_balancer_health_monitor": {
          "version": 0,
          "block": {
            "attributes": {
              "delay_s": {
                "type": "number",
                "description_kind": "plain",
                "optional": true,
                "computed": true
              },
              "down_threshold": {
                "type": "number",
                "description_kind": "plain",
                "optional": true,
                "computed": true
              },
              "href": {
                "type": "string",
                "description_kind": "plain",
                "computed": true
              },
              "http_expected_codes": {
                "type": [
                  "list",
                  "string"
                ],
                "description_kind": "plain",
                "optional": true,
                "computed": true
              },
              "http_host": {
                "type": "string",
                "description_kind": "plain",
                "optional": true,
                "computed": true
              },
              "http_method": {
                "type": "string",
                "description_kind": "plain",
                "optional": true,
                "computed": true
              },
              "http_url_path": {
                "type": "string",
                "description_kind": "plain",
                "optional": true,
                "computed": true
              },
              "http_version": {
                "type": "string",
                "description_kind": "plain",
                "optional": true,
                "computed": true
              },
              "id": {
                "type": "string",
                "description_kind": "plain",
                "optional": true,
                "computed": true
              },
              "pool_href": {
                "type": "string",
                "description_kind": "plain",
                "computed": true
              },
              "pool_name": {
                "type": "string",
                "description_kind": "plain",
                "computed": true
              },
              "pool_uuid": {
                "type": "string",
                "description_kind": "plain",
                "required": true
              },
              "tags": {
                "type": [
                  "map",
                  "string"
                ],
                "description_kind": "plain",
                "optional": true
              },
              "timeout_s": {
                "type": "number",
                "description_kind": "plain",
                "optional": true,
                "computed": true
              },
              "type": {
                "type": "string",
                "description_kind": "plain",
                "required": true
              },
              "up_threshold": {
                "type": "number",
                "description_kind": "plain",
                "optional": true,
                "computed": true
              }
            },
            "description_kind": "plain"
          }
        },
        "cloudscale_load_balancer_listener": {
          "version": 0,
          "block": {
            "attributes": {
              "allowed_cidrs": {
                "type": [
                  "list",
                  "string"
                ],
                "description_kind": "plain",
                "optional": true,
                "computed": true
              },
              "href": {
                "type": "string",
                "description_kind": "plain",
                "computed": true
              },
              "id": {
                "type": "string",
                "description_kind": "plain",
                "optional": true,
                "computed": true
              },
              "name": {
                "type": "string",
                "description_kind": "plain",
                "required": true
              },
              "pool_href": {
                "type": "string",
                "description_kind": "plain",
                "computed": true
              },
              "pool_name": {
                "type": "string",
                "description_kind": "plain",
                "computed": true
              },
              "pool_uuid": {
                "type": "string",
                "description_kind": "plain",
                "optional": true,
                "computed": true
              },
              "protocol": {
                "type": "string",
                "description_kind": "plain",
                "required": true
              },
              "protocol_port": {
                "type": "number",
                "description_kind": "plain",
                "required": true
              },
              "tags": {
                "type": [
                  "map",
                  "string"
                ],
                "description_kind": "plain",
                "optional": true
              },
              "timeout_client_data_ms": {
                "type": "number",
                "description_kind": "plain",
                "optional": true,
                "computed": true
              },
              "timeout_member_connect_ms": {
                "type": "number",
                "description_kind": "plain",
                "optional": true,
                "computed": true
              },
              "timeout_member_data_ms": {
                "type": "number",
                "description_kind": "plain",
                "optional": true,
                "computed": true
              }
            },
            "description_kind": "plain"
          }
        },
        "cloudscale_load_balancer_pool": {
          "version": 0,
          "block": {
            "attributes": {
              "algorithm": {
                "type": "string",
                "description_kind": "plain",
                "required": true
              },
              "href": {
                "type": "string",
                "description_kind": "plain",
                "computed": true
              },
              "id": {
                "type": "string",
                "description_kind": "plain",
                "optional": true,
                "computed": true
              },
              "load_balancer_href": {
                "type": "string",
                "description_kind": "plain",
                "computed": true
              },
              "load_balancer_name": {
                "type": "string",
                "description_kind": "plain",
                "computed": true
              },
              "load_balancer_uuid": {
                "type": "string",
                "description_kind": "plain",
                "required": true
              },
              "name": {
                "type": "string",
                "description_kind": "plain",
                "required": true
              },
              "protocol": {
                "type": "string",
                "description_kind": "plain",
                "required": true
              },
              "tags": {
                "type": [
                  "map",
                  "string"
                ],
                "description_kind": "plain",
                "optional": true
              }
            },
            "description_kind": "plain"
          }
        },
        "cloudscale_load_balancer_pool_member": {
          "version": 0,
          "block": {
            "attributes": {
              "address": {
                "type": "string",
                "description_kind": "plain",
                "required": true
              },
              "enabled": {
                "type": "bool",
                "description_kind": "plain",
                "optional": true,
                "computed": true
              },
              "href": {
                "type": "string",
                "description_kind": "plain",
                "computed": true
              },
              "id": {
                "type": "string",
                "description_kind": "plain",
                "optional": true,
                "computed": true
              },
              "monitor_port": {
                "type": "number",
                "description_kind": "plain",
                "optional": true
              },
              "monitor_status": {
                "type": "string",
                "description_kind": "plain",
                "computed": true
              },
              "name": {
                "type": "string",
                "description_kind": "plain",
                "required": true
              },
              "pool_href": {
                "type": "string",
                "description_kind": "plain",
                "computed": true
              },
              "pool_name": {
                "type": "string",
                "description_kind": "plain",
                "computed": true
              },
              "pool_uuid": {
                "type": "string",
                "description_kind": "plain",
                "required": true
              },
              "protocol_port": {
                "type": "number",
                "description_kind": "plain",
                "required": true
              },
              "subnet_cidr": {
                "type": "string",
                "description_kind": "plain",
                "computed": true
              },
              "subnet_href": {
                "type": "string",
                "description_kind": "plain",
                "computed": true
              },
              "subnet_uuid": {
                "type": "string",
                "description_kind": "plain",
                "required": true
              },
              "tags": {
                "type": [
                  "map",
                  "string"
                ],
                "description_kind": "plain",
                "optional": true
              }
            },
            "description_kind": "plain"
          }
        },
        "cloudscale_network": {
          "version": 0,
          "block": {
            "attributes": {
              "auto_create_ipv4_subnet": {
                "type": "bool",
                "description_kind": "plain",
                "optional": true
              },
              "href": {
                "type": "string",
                "description_kind": "plain",
                "computed": true
              },
              "id": {
                "type": "string",
                "description_kind": "plain",
                "optional": true,
                "computed": true
              },
              "mtu": {
                "type": "number",
                "description_kind": "plain",
                "optional": true,
                "computed": true
              },
              "name": {
                "type": "string",
                "description_kind": "plain",
                "required": true
              },
              "subnets": {
                "type": [
                  "list",
                  [
                    "object",
                    {
                      "cidr": "string",
                      "href": "string",
                      "uuid": "string"
                    }
                  ]
                ],
                "description_kind": "plain",
                "computed": true
              },
              "tags": {
                "type": [
                  "map",
                  "string"
                ],
                "description_kind": "plain",
                "optional": true
              },
              "zone_slug": {
                "type": "string",
                "description_kind": "plain",
                "optional": true,
                "computed": true
              }
            },
            "description_kind": "plain"
          }
        },
        "cloudscale_objects_user": {
          "version": 0,
          "block": {
            "attributes": {
              "display_name": {
                "type": "string",
                "description_kind": "plain",
                "required": true
              },
              "href": {
                "type": "string",
                "description_kind": "plain",
                "computed": true
              },
              "id": {
                "type": "string",
                "description_kind": "plain",
                "optional": true,
                "computed": true
              },
              "keys": {
                "type": [
                  "list",
                  [
                    "object",
                    {
                      "access_key": "string",
                      "secret_key": "string"
                    }
                  ]
                ],
                "description_kind": "plain",
                "computed": true,
                "sensitive": true
              },
              "tags": {
                "type": [
                  "map",
                  "string"
                ],
                "description_kind": "plain",
                "optional": true
              },
              "user_id": {
                "type": "string",
                "description_kind": "plain",
                "computed": true
              }
            },
            "description_kind": "plain"
          }
        },
        "cloudscale_server": {
          "version": 0,
          "block": {
            "attributes": {
              "allow_stopping_for_update": {
                "type": "bool",
                "description_kind": "plain",
                "optional": true
              },
              "bulk_volume_size_gb": {
                "type": "number",
                "description_kind": "plain",
                "optional": true
              },
              "flavor_slug": {
                "type": "string",
                "description_kind": "plain",
                "required": true
              },
              "href": {
                "type": "string",
                "description_kind": "plain",
                "computed": true
              },
              "id": {
                "type": "string",
                "description_kind": "plain",
                "optional": true,
                "computed": true
              },
              "image_slug": {
                "type": "string",
                "description_kind": "plain",
                "optional": true,
                "computed": true
              },
              "image_uuid": {
                "type": "string",
                "description_kind": "plain",
                "optional": true
              },
              "name": {
                "type": "string",
                "description_kind": "plain",
                "required": true
              },
              "password": {
                "type": "string",
                "description_kind": "plain",
                "optional": true,
                "sensitive": true
              },
              "private_ipv4_address": {
                "type": "string",
                "description_kind": "plain",
                "computed": true
              },
              "public_ipv4_address": {
                "type": "string",
                "description_kind": "plain",
                "computed": true
              },
              "public_ipv6_address": {
                "type": "string",
                "description_kind": "plain",
                "computed": true
              },
              "server_group_ids": {
                "type": [
                  "set",
                  "string"
                ],
                "description_kind": "plain",
                "optional": true
              },
              "server_groups": {
                "type": [
                  "list",
                  [
                    "object",
                    {
                      "href": "string",
                      "name": "string",
                      "uuid": "string"
                    }
                  ]
                ],
                "description_kind": "plain",
                "computed": true
              },
              "skip_waiting_for_ssh_host_keys": {
                "type": "bool",
                "description_kind": "plain",
                "optional": true
              },
              "ssh_fingerprints": {
                "type": [
                  "list",
                  "string"
                ],
                "description_kind": "plain",
                "computed": true
              },
              "ssh_host_keys": {
                "type": [
                  "list",
                  "string"
                ],
                "description_kind": "plain",
                "computed": true
              },
              "ssh_keys": {
                "type": [
                  "set",
                  "string"
                ],
                "description_kind": "plain",
                "optional": true
              },
              "status": {
                "type": "string",
                "description_kind": "plain",
                "optional": true,
                "computed": true
              },
              "tags": {
                "type": [
                  "map",
                  "string"
                ],
                "description_kind": "plain",
                "optional": true
              },
              "use_ipv6": {
                "type": "bool",
                "description_kind": "plain",
                "optional": true
              },
              "use_private_network": {
                "type": "bool",
                "description_kind": "plain",
                "optional": true
              },
              "use_public_network": {
                "type": "bool",
                "description_kind": "plain",
                "optional": true
              },
              "user_data": {
                "type": "string",
                "description_kind": "plain",
                "optional": true
              },
              "volume_size_gb": {
                "type": "number",
                "description_kind": "plain",
                "optional": true
              },
              "volumes": {
                "type": [
                  "list",
                  [
                    "object",
                    {
                      "device_path": "string",
                      "size_gb": "number",
                      "type": "string",
                      "uuid": "string"
                    }
                  ]
                ],
                "description_kind": "plain",
                "computed": true
              },
              "zone_slug": {
                "type": "string",
                "description_kind": "plain",
                "optional": true,
                "computed": true
              }
            },
            "block_types": {
              "interfaces": {
                "nesting_mode": "list",
                "block": {
                  "attributes": {
                    "network_href": {
                      "type": "string",
                      "description_kind": "plain",
                      "computed": true
                    },
                    "network_name": {
                      "type": "string",
                      "description_kind": "plain",
                      "computed": true
                    },
                    "network_uuid": {
                      "type": "string",
                      "description_kind": "plain",
                      "optional": true,
                      "computed": true
                    },
                    "no_address": {
                      "type": "bool",
                      "description_kind": "plain",
                      "optional": true
                    },
                    "type": {
                      "type": "string",
                      "description_kind": "plain",
                      "required": true
                    }
                  },
                  "block_types": {
                    "addresses": {
                      "nesting_mode": "list",
                      "block": {
                        "attributes": {
                          "address": {
                            "type": "string",
                            "description_kind": "plain",
                            "optional": true,
                            "computed": true
                          },
                          "gateway": {
                            "type": "string",
                            "description_kind": "plain",
                            "computed": true
                          },
                          "prefix_length": {
                            "type": "number",
                            "description_kind": "plain",
                            "computed": true
                          },
                          "reverse_ptr": {
                            "type": "string",
                            "description_kind": "plain",
                            "computed": true
                          },
                          "subnet_cidr": {
                            "type": "string",
                            "description_kind": "plain",
                            "computed": true
                          },
                          "subnet_href": {
                            "type": "string",
                            "description_kind": "plain",
                            "computed": true
                          },
                          "subnet_uuid": {
                            "type": "string",
                            "description_kind": "plain",
                            "optional": true,
                            "computed": true
                          },
                          "version": {
                            "type": "number",
                            "description_kind": "plain",
                            "computed": true
                          }
                        },
                        "description_kind": "plain"
                      }
                    }
                  },
                  "description_kind": "plain"
                }
              },
              "timeouts": {
                "nesting_mode": "single",
                "block": {
                  "attributes": {
                    "create": {
                      "type": "string",
                      "description_kind": "plain",
                      "optional": true
                    }
                  },
                  "description_kind": "plain"
                }
              }
            },
            "description_kind": "plain"
          }
        },
        "cloudscale_server_group": {
          "version": 0,
          "block": {
            "attributes": {
              "href": {
                "type": "string",
                "description_kind": "plain",
                "computed": true
              },
              "id": {
                "type": "string",
                "description_kind": "plain",
                "optional": true,
                "computed": true
              },
              "name": {
                "type": "string",
                "description_kind": "plain",
                "required": true
              },
              "tags": {
                "type": [
                  "map",
                  "string"
                ],
                "description_kind": "plain",
                "optional": true
              },
              "type": {
                "type": "string",
                "description_kind": "plain",
                "required": true
              },
              "zone_slug": {
                "type": "string",
                "description_kind": "plain",
                "optional": true,
                "computed": true
              }
            },
            "description_kind": "plain"
          }
        },
        "cloudscale_subnet": {
          "version": 0,
          "block": {
            "attributes": {
              "cidr": {
                "type": "string",
                "description_kind": "plain",
                "required": true
              },
              "dns_servers": {
                "type": [
                  "list",
                  "string"
                ],
                "description_kind": "plain",
                "optional": true,
                "computed": true
              },
              "gateway_address": {
                "type": "string",
                "description_kind": "plain",
                "optional": true,
                "computed": true
              },
              "href": {
                "type": "string",
                "description_kind": "plain",
                "computed": true
              },
              "id": {
                "type": "string",
                "description_kind": "plain",
                "optional": true,
                "computed": true
              },
              "network_href": {
                "type": "string",
                "description_kind": "plain",
                "computed": true
              },
              "network_name": {
                "type": "string",
                "description_kind": "plain",
                "computed": true
              },
              "network_uuid": {
                "type": "string",
                "description_kind": "plain",
                "optional": true,
                "computed": true
              },
              "tags": {
                "type": [
                  "map",
                  "string"
                ],
                "description_kind": "plain",
                "optional": true
              }
            },
            "description_kind": "plain"
          }
        },
        "cloudscale_volume": {
          "version": 0,
          "block": {
            "attributes": {
              "href": {
                "type": "string",
                "description_kind": "plain",
                "computed": true
              },
              "id": {
                "type": "string",
                "description_kind": "plain",
                "optional": true,
                "computed": true
              },
              "name": {
                "type": "string",
                "description_kind": "plain",
                "required": true
              },
              "server_uuids": {
                "type": [
                  "list",
                  "string"
                ],
                "description_kind": "plain",
                "optional": true
              },
              "size_gb": {
                "type": "number",
                "description_kind": "plain",
                "required": true
              },
              "tags": {
                "type": [
                  "map",
                  "string"
                ],
                "description_kind": "plain",
                "optional": true
              },
              "type": {
                "type": "string",
                "description_kind": "plain",
                "optional": true
              },
              "zone_slug": {
                "type": "string",
                "description_kind": "plain",
                "optional": true,
                "computed": true
              }
            },
            "description_kind": "plain"
          }
        }
      },
      "data_source_schemas": {
        "cloudscale_custom_image": {
          "version": 0,
          "block": {
            "attributes": {
              "checksums": {
                "type": [
                  "map",
                  "string"
                ],
                "description_kind": "plain",
                "computed": true
              },
              "firmware_type": {
                "type": "string",
                "description_kind": "plain",
                "optional": true,
                "computed": true
              },
              "href": {
                "type": "string",
                "description_kind": "plain",
                "computed": true
              },
              "id": {
                "type": "string",
                "description_kind": "plain",
                "optional": true
              },
              "name": {
                "type": "string",
                "description_kind": "plain",
                "optional": true
              },
              "size_gb": {
                "type": "number",
                "description_kind": "plain",
                "computed": true
              },
              "slug": {
                "type": "string",
                "description_kind": "plain",
                "optional": true
              },
              "tags": {
                "type": [
                  "map",
                  "string"
                ],
                "description_kind": "plain",
                "optional": true
              },
              "user_data_handling": {
                "type": "string",
                "description_kind": "plain",
                "computed": true
              },
              "zone_slugs": {
                "type": [
                  "set",
                  "string"
                ],
                "description_kind": "plain",
                "computed": true
              }
            },
            "description_kind": "plain"
          }
        },
        "cloudscale_floating_ip": {
          "version": 0,
          "block": {
            "attributes": {
              "href": {
                "type": "string",
                "description_kind": "plain",
                "computed": true
              },
              "id": {
                "type": "string",
                "description_kind": "plain",
                "optional": true
              },
              "ip_version": {
                "type": "number",
                "description_kind": "plain",
                "optional": true
              },
              "load_balancer": {
                "type": "string",
                "description_kind": "plain",
                "computed": true
              },
              "network": {
                "type": "string",
                "description_kind": "plain",
                "optional": true,
                "computed": true
              },
              "next_hop": {
                "type": "string",
                "description_kind": "plain",
                "computed": true
              },
              "prefix_length": {
                "type": "number",
                "description_kind": "plain",
                "computed": true
              },
              "region_slug": {
                "type": "string",
                "description_kind": "plain",
                "optional": true,
                "computed": true
              },
              "reverse_ptr": {
                "type": "string",
                "description_kind": "plain",
                "optional": true,
                "computed": true
              },
              "server": {
                "type": "string",
                "description_kind": "plain",
                "computed": true
              },
              "tags": {
                "type": [
                  "map",
                  "string"
                ],
                "description_kind": "plain",
                "optional": true
              },
              "type": {
                "type": "string",
                "description_kind": "plain",
                "optional": true,
                "computed": true
              }
            },
            "description_kind": "plain"
          }
        },
        "cloudscale_load_balancer": {
          "version": 0,
          "block": {
            "attributes": {
              "flavor_slug": {
                "type": "string",
                "description_kind": "plain",
                "computed": true
              },
              "href": {
                "type": "string",
                "description_kind": "plain",
                "computed": true
              },
              "id": {
                "type": "string",
                "description_kind": "plain",
                "optional": true
              },
              "name": {
                "type": "string",
                "description_kind": "plain",
                "optional": true
              },
              "status": {
                "type": "string",
                "description_kind": "plain",
                "computed": true
              },
              "tags": {
                "type": [
                  "map",
                  "string"
                ],
                "description_kind": "plain",
                "optional": true
              },
              "vip_addresses": {
                "type": [
                  "list",
                  [
                    "object",
                    {
                      "address": "string",
                      "subnet_cidr": "string",
                      "subnet_href": "string",
                      "subnet_uuid": "string",
                      "version": "number"
                    }
                  ]
                ],
                "description_kind": "plain",
                "computed": true
              },
              "zone_slug": {
                "type": "string",
                "description_kind": "plain",
                "optional": true
              }
            },
            "description_kind": "plain"
          }
        },
        "cloudscale_load_balancer_health_monitor": {
          "version": 0,
          "block": {
            "attributes": {
              "delay_s": {
                "type": "number",
                "description_kind": "plain",
                "optional": true,
                "computed": true
              },
              "down_threshold": {
                "type": "number",
                "description_kind": "plain",
                "optional": true,
                "computed": true
              },
              "href": {
                "type": "string",
                "description_kind": "plain",
                "computed": true
              },
              "http_expected_codes": {
                "type": [
                  "list",
                  "string"
                ],
                "description_kind": "plain",
                "optional": true,
                "computed": true
              },
              "http_host": {
                "type": "string",
                "description_kind": "plain",
                "optional": true,
                "computed": true
              },
              "http_method": {
                "type": "string",
                "description_kind": "plain",
                "optional": true,
                "computed": true
              },
              "http_url_path": {
                "type": "string",
                "description_kind": "plain",
                "optional": true,
                "computed": true
              },
              "http_version": {
                "type": "string",
                "description_kind": "plain",
                "optional": true,
                "computed": true
              },
              "id": {
                "type": "string",
                "description_kind": "plain",
                "optional": true
              },
              "pool_href": {
                "type": "string",
                "description_kind": "plain",
                "computed": true
              },
              "pool_name": {
                "type": "string",
                "description_kind": "plain",
                "computed": true
              },
              "pool_uuid": {
                "type": "string",
                "description_kind": "plain",
                "optional": true
              },
              "tags": {
                "type": [
                  "map",
                  "string"
                ],
                "description_kind": "plain",
                "optional": true
              },
              "timeout_s": {
                "type": "number",
                "description_kind": "plain",
                "optional": true,
                "computed": true
              },
              "type": {
                "type": "string",
                "description_kind": "plain",
                "computed": true
              },
              "up_threshold": {
                "type": "number",
                "description_kind": "plain",
                "optional": true,
                "computed": true
              }
            },
            "description_kind": "plain"
          }
        },
        "cloudscale_load_balancer_listener": {
          "version": 0,
          "block": {
            "attributes": {
              "allowed_cidrs": {
                "type": [
                  "list",
                  "string"
                ],
                "description_kind": "plain",
                "optional": true,
                "computed": true
              },
              "href": {
                "type": "string",
                "description_kind": "plain",
                "computed": true
              },
              "id": {
                "type": "string",
                "description_kind": "plain",
                "optional": true
              },
              "name": {
                "type": "string",
                "description_kind": "plain",
                "optional": true
              },
              "pool_href": {
                "type": "string",
                "description_kind": "plain",
                "computed": true
              },
              "pool_name": {
                "type": "string",
                "description_kind": "plain",
                "computed": true
              },
              "pool_uuid": {
                "type": "string",
                "description_kind": "plain",
                "optional": true,
                "computed": true
              },
              "protocol": {
                "type": "string",
                "description_kind": "plain",
                "computed": true
              },
              "protocol_port": {
                "type": "number",
                "description_kind": "plain",
                "computed": true
              },
              "tags": {
                "type": [
                  "map",
                  "string"
                ],
                "description_kind": "plain",
                "optional": true
              },
              "timeout_client_data_ms": {
                "type": "number",
                "description_kind": "plain",
                "optional": true,
                "computed": true
              },
              "timeout_member_connect_ms": {
                "type": "number",
                "description_kind": "plain",
                "optional": true,
                "computed": true
              },
              "timeout_member_data_ms": {
                "type": "number",
                "description_kind": "plain",
                "optional": true,
                "computed": true
              }
            },
            "description_kind": "plain"
          }
        },
        "cloudscale_load_balancer_pool": {
          "version": 0,
          "block": {
            "attributes": {
              "algorithm": {
                "type": "string",
                "description_kind": "plain",
                "computed": true
              },
              "href": {
                "type": "string",
                "description_kind": "plain",
                "computed": true
              },
              "id": {
                "type": "string",
                "description_kind": "plain",
                "optional": true
              },
              "load_balancer_href": {
                "type": "string",
                "description_kind": "plain",
                "computed": true
              },
              "load_balancer_name": {
                "type": "string",
                "description_kind": "plain",
                "computed": true
              },
              "load_balancer_uuid": {
                "type": "string",
                "description_kind": "plain",
                "optional": true
              },
              "name": {
                "type": "string",
                "description_kind": "plain",
                "optional": true
              },
              "protocol": {
                "type": "string",
                "description_kind": "plain",
                "computed": true
              },
              "tags": {
                "type": [
                  "map",
                  "string"
                ],
                "description_kind": "plain",
                "optional": true
              }
            },
            "description_kind": "plain"
          }
        },
        "cloudscale_load_balancer_pool_member": {
          "version": 0,
          "block": {
            "attributes": {
              "address": {
                "type": "string",
                "description_kind": "plain",
                "computed": true
              },
              "enabled": {
                "type": "bool",
                "description_kind": "plain",
                "optional": true,
                "computed": true
              },
              "href": {
                "type": "string",
                "description_kind": "plain",
                "computed": true
              },
              "id": {
                "type": "string",
                "description_kind": "plain",
                "optional": true
              },
              "monitor_port": {
                "type": "number",
                "description_kind": "plain",
                "optional": true,
                "computed": true
              },
              "monitor_status": {
                "type": "string",
                "description_kind": "plain",
                "computed": true
              },
              "name": {
                "type": "string",
                "description_kind": "plain",
                "optional": true
              },
              "pool_href": {
                "type": "string",
                "description_kind": "plain",
                "computed": true
              },
              "pool_name": {
                "type": "string",
                "description_kind": "plain",
                "computed": true
              },
              "pool_uuid": {
                "type": "string",
                "description_kind": "plain",
                "required": true
              },
              "protocol_port": {
                "type": "number",
                "description_kind": "plain",
                "computed": true
              },
              "subnet_cidr": {
                "type": "string",
                "description_kind": "plain",
                "computed": true
              },
              "subnet_href": {
                "type": "string",
                "description_kind": "plain",
                "computed": true
              },
              "subnet_uuid": {
                "type": "string",
                "description_kind": "plain",
                "computed": true
              },
              "tags": {
                "type": [
                  "map",
                  "string"
                ],
                "description_kind": "plain",
                "optional": true
              }
            },
            "description_kind": "plain"
          }
        },
        "cloudscale_network": {
          "version": 0,
          "block": {
            "attributes": {
              "href": {
                "type": "string",
                "description_kind": "plain",
                "computed": true
              },
              "id": {
                "type": "string",
                "description_kind": "plain",
                "optional": true
              },
              "mtu": {
                "type": "number",
                "description_kind": "plain",
                "computed": true
              },
              "name": {
                "type": "string",
                "description_kind": "plain",
                "optional": true,
                "computed": true
              },
              "subnets": {
                "type": [
                  "list",
                  [
                    "object",
                    {
                      "cidr": "string",
                      "href": "string",
                      "uuid": "string"
                    }
                  ]
                ],
                "description_kind": "plain",
                "computed": true
              },
              "tags": {
                "type": [
                  "map",
                  "string"
                ],
                "description_kind": "plain",
                "optional": true
              },
              "zone_slug": {
                "type": "string",
                "description_kind": "plain",
                "optional": true,
                "computed": true
              }
            },
            "description_kind": "plain"
          }
        },
        "cloudscale_objects_user": {
          "version": 0,
          "block": {
            "attributes": {
              "display_name": {
                "type": "string",
                "description_kind": "plain",
                "optional": true
              },
              "href": {
                "type": "string",
                "description_kind": "plain",
                "computed": true
              },
              "id": {
                "type": "string",
                "description_kind": "plain",
                "optional": true
              },
              "keys": {
                "type": [
                  "list",
                  [
                    "object",
                    {
                      "access_key": "string",
                      "secret_key": "string"
                    }
                  ]
                ],
                "description_kind": "plain",
                "computed": true,
                "sensitive": true
              },
              "tags": {
                "type": [
                  "map",
                  "string"
                ],
                "description_kind": "plain",
                "optional": true
              },
              "user_id": {
                "type": "string",
                "description_kind": "plain",
                "optional": true,
                "computed": true
              }
            },
            "description_kind": "plain"
          }
        },
        "cloudscale_server": {
          "version": 0,
          "block": {
            "attributes": {
              "flavor_slug": {
                "type": "string",
                "description_kind": "plain",
                "computed": true
              },
              "href": {
                "type": "string",
                "description_kind": "plain",
                "computed": true
              },
              "id": {
                "type": "string",
                "description_kind": "plain",
                "optional": true
              },
              "image_slug": {
                "type": "string",
                "description_kind": "plain",
                "computed": true
              },
              "interfaces": {
                "type": [
                  "list",
                  [
                    "object",
                    {
                      "addresses": [
                        "list",
                        [
                          "object",
                          {
                            "address": "string",
                            "gateway": "string",
                            "prefix_length": "number",
                            "reverse_ptr": "string",
                            "subnet_cidr": "string",
                            "subnet_href": "string",
                            "subnet_uuid": "string",
                            "version": "number"
                          }
                        ]
                      ],
                      "network_href": "string",
                      "network_name": "string",
                      "network_uuid": "string",
                      "no_address": "bool",
                      "type": "string"
                    }
                  ]
                ],
                "description_kind": "plain",
                "computed": true
              },
              "name": {
                "type": "string",
                "description_kind": "plain",
                "optional": true
              },
              "private_ipv4_address": {
                "type": "string",
                "description_kind": "plain",
                "computed": true
              },
              "public_ipv4_address": {
                "type": "string",
                "description_kind": "plain",
                "computed": true
              },
              "public_ipv6_address": {
                "type": "string",
                "description_kind": "plain",
                "computed": true
              },
              "server_groups": {
                "type": [
                  "list",
                  [
                    "object",
                    {
                      "href": "string",
                      "name": "string",
                      "uuid": "string"
                    }
                  ]
                ],
                "description_kind": "plain",
                "computed": true
              },
              "ssh_fingerprints": {
                "type": [
                  "list",
                  "string"
                ],
                "description_kind": "plain",
                "computed": true
              },
              "ssh_host_keys": {
                "type": [
                  "list",
                  "string"
                ],
                "description_kind": "plain",
                "computed": true
              },
              "status": {
                "type": "string",
                "description_kind": "plain",
                "computed": true
              },
              "tags": {
                "type": [
                  "map",
                  "string"
                ],
                "description_kind": "plain",
                "optional": true
              },
              "volumes": {
                "type": [
                  "list",
                  [
                    "object",
                    {
                      "device_path": "string",
                      "size_gb": "number",
                      "type": "string",
                      "uuid": "string"
                    }
                  ]
                ],
                "description_kind": "plain",
                "computed": true
              },
              "zone_slug": {
                "type": "string",
                "description_kind": "plain",
                "optional": true,
                "computed": true
              }
            },
            "description_kind": "plain"
          }
        },
        "cloudscale_server_group": {
          "version": 0,
          "block": {
            "attributes": {
              "href": {
                "type": "string",
                "description_kind": "plain",
                "computed": true
              },
              "id": {
                "type": "string",
                "description_kind": "plain",
                "optional": true
              },
              "name": {
                "type": "string",
                "description_kind": "plain",
                "optional": true
              },
              "tags": {
                "type": [
                  "map",
                  "string"
                ],
                "description_kind": "plain",
                "optional": true
              },
              "type": {
                "type": "string",
                "description_kind": "plain",
                "computed": true
              },
              "zone_slug": {
                "type": "string",
                "description_kind": "plain",
                "optional": true,
                "computed": true
              }
            },
            "description_kind": "plain"
          }
        },
        "cloudscale_subnet": {
          "version": 0,
          "block": {
            "attributes": {
              "cidr": {
                "type": "string",
                "description_kind": "plain",
                "optional": true
              },
              "dns_servers": {
                "type": [
                  "list",
                  "string"
                ],
                "description_kind": "plain",
                "computed": true
              },
              "gateway_address": {
                "type": "string",
                "description_kind": "plain",
                "optional": true,
                "computed": true
              },
              "href": {
                "type": "string",
                "description_kind": "plain",
                "computed": true
              },
              "id": {
                "type": "string",
                "description_kind": "plain",
                "optional": true
              },
              "network_href": {
                "type": "string",
                "description_kind": "plain",
                "computed": true
              },
              "network_name": {
                "type": "string",
                "description_kind": "plain",
                "optional": true,
                "computed": true
              },
              "network_uuid": {
                "type": "string",
                "description_kind": "plain",
                "optional": true,
                "computed": true
              },
              "tags": {
                "type": [
                  "map",
                  "string"
                ],
                "description_kind": "plain",
                "optional": true
              }
            },
            "description_kind": "plain"
          }
        },
        "cloudscale_volume": {
          "version": 0,
          "block": {
            "attributes": {
              "href": {
                "type": "string",
                "description_kind": "plain",
                "computed": true
              },
              "id": {
                "type": "string",
                "description_kind": "plain",
                "optional": true
              },
              "name": {
                "type": "string",
                "description_kind": "plain",
                "optional": true
              },
              "server_uuids": {
                "type": [
                  "list",
                  "string"
                ],
                "description_kind": "plain",
                "computed": true
              },
              "size_gb": {
                "type": "number",
                "description_kind": "plain",
                "computed": true
              },
              "tags": {
                "type": [
                  "map",
                  "string"
                ],
                "description_kind": "plain",
                "optional": true
              },
              "type": {
                "type": "string",
                "description_kind": "plain",
                "optional": true
              },
              "zone_slug": {
                "type": "string",
                "description_kind": "plain",
                "optional": true,
                "computed": true
              }
            },
            "description_kind": "plain"
          }
        }
      }
    }
  }
}
