{
  "format_version": "1.0",
  "provider_schemas": {
    "registry.terraform.io/hashicorp/cloudinit": {
      "provider": {
        "version": 0,
        "block": {
          "description": "The cloud-init Terraform provider exposes the `cloudinit_config` data source, previously available as the `template_cloudinit_config` resource [in the template provider](https://registry.terraform.io/providers/hashicorp/template/latest/docs/data-sources/cloudinit_config), which renders a [multipart MIME configuration](https://cloudinit.readthedocs.io/en/latest/explanation/format.html#mime-multi-part-archive) for use with [cloud-init](https://cloudinit.readthedocs.io/en/latest/).",
          "description_kind": "markdown"
        }
      },
      "resource_schemas": {
        "cloudinit_config": {
          "version": 0,
          "block": {
            "attributes": {
              "base64_encode": {
                "type": "bool",
                "description": "Specify whether or not to base64 encode the `rendered` output. Defaults to `true`, and cannot be disabled if gzip is `true`.",
                "description_kind": "markdown",
                "optional": true,
                "computed": true
              },
              "boundary": {
                "type": "string",
                "description": "Specify the Writer's default boundary separator. Defaults to `MIMEBOUNDARY`.",
                "description_kind": "markdown",
                "optional": true,
                "computed": true
              },
              "gzip": {
                "type": "bool",
                "description": "Specify whether or not to gzip the `rendered` output. Defaults to `true`.",
                "description_kind": "markdown",
                "optional": true,
                "computed": true
              },
              "id": {
                "type": "string",
                "description": "[CRC-32](https://pkg.go.dev/hash/crc32) checksum of `rendered` cloud-init config.",
                "description_kind": "markdown",
                "computed": true
              },
              "rendered": {
                "type": "string",
                "description": "The final rendered multi-part cloud-init config.",
                "description_kind": "markdown",
                "computed": true
              }
            },
            "block_types": {
              "part": {
                "nesting_mode": "list",
                "block": {
                  "attributes": {
                    "content": {
                      "type": "string",
                      "description": "Body content for the part.",
                      "description_kind": "markdown",
                      "required": true
                    },
                    "content_type": {
                      "type": "string",
                      "description": "A MIME-style content type to report in the header for the part. Defaults to `text/plain`",
                      "description_kind": "markdown",
                      "optional": true,
                      "computed": true
                    },
                    "filename": {
                      "type": "string",
                      "description": "A filename to report in the header for the part.",
                      "description_kind": "markdown",
                      "optional": true
                    },
                    "merge_type": {
                      "type": "string",
                      "description": "A value for the `X-Merge-Type` header of the part, to control [cloud-init merging behavior](https://cloudinit.readthedocs.io/en/latest/reference/merging.html).",
                      "description_kind": "markdown",
                      "optional": true
                    }
                  },
                  "description": "A nested block type which adds a file to the generated cloud-init configuration. Use multiple `part` blocks to specify multiple files, which will be included in order of declaration in the final MIME document.",
                  "description_kind": "markdown"
                }
              }
            },
            "description": "Renders a [multi-part MIME configuration](https://cloudinit.readthedocs.io/en/latest/explanation/format.html#mime-multi-part-archive) for use with [cloud-init](https://cloudinit.readthedocs.io/en/latest/).\n\nCloud-init is a commonly-used startup configuration utility for cloud compute instances. It accepts configuration via provider-specific user data mechanisms, such as `user_data` for Amazon EC2 instances. Multi-part MIME is one of the data formats it accepts. For more information, see [User-Data Formats](https://cloudinit.readthedocs.io/en/latest/explanation/format.html) in the cloud-init manual.\n\nThis is not a generalized utility for producing multi-part MIME messages. It's feature set is specialized for cloud-init multi-part MIME messages.",
            "description_kind": "markdown",
            "deprecated": true
          }
        }
      },
      "data_source_schemas": {
        "cloudinit_config": {
          "version": 0,
          "block": {
            "attributes": {
              "base64_encode": {
                "type": "bool",
                "description": "Specify whether or not to base64 encode the `rendered` output. Defaults to `true`, and cannot be disabled if gzip is `true`.",
                "description_kind": "markdown",
                "optional": true,
                "computed": true
              },
              "boundary": {
                "type": "string",
                "description": "Specify the Writer's default boundary separator. Defaults to `MIMEBOUNDARY`.",
                "description_kind": "markdown",
                "optional": true,
                "computed": true
              },
              "gzip": {
                "type": "bool",
                "description": "Specify whether or not to gzip the `rendered` output. Defaults to `true`.",
                "description_kind": "markdown",
                "optional": true,
                "computed": true
              },
              "id": {
                "type": "string",
                "description": "[CRC-32](https://pkg.go.dev/hash/crc32) checksum of `rendered` cloud-init config.",
                "description_kind": "markdown",
                "computed": true
              },
              "rendered": {
                "type": "string",
                "description": "The final rendered multi-part cloud-init config.",
                "description_kind": "markdown",
                "computed": true
              }
            },
            "block_types": {
              "part": {
                "nesting_mode": "list",
                "block": {
                  "attributes": {
                    "content": {
                      "type": "string",
                      "description": "Body content for the part.",
                      "description_kind": "markdown",
                      "required": true
                    },
                    "content_type": {
                      "type": "string",
                      "description": "A MIME-style content type to report in the header for the part. Defaults to `text/plain`",
                      "description_kind": "markdown",
                      "optional": true,
                      "computed": true
                    },
                    "filename": {
                      "type": "string",
                      "description": "A filename to report in the header for the part.",
                      "description_kind": "markdown",
                      "optional": true
                    },
                    "merge_type": {
                      "type": "string",
                      "description": "A value for the `X-Merge-Type` header of the part, to control [cloud-init merging behavior](https://cloudinit.readthedocs.io/en/latest/reference/merging.html).",
                      "description_kind": "markdown",
                      "optional": true
                    }
                  },
                  "description": "A nested block type which adds a file to the generated cloud-init configuration. Use multiple `part` blocks to specify multiple files, which will be included in order of declaration in the final MIME document.",
                  "description_kind": "markdown"
                }
              }
            },
            "description": "Renders a [multi-part MIME configuration](https://cloudinit.readthedocs.io/en/latest/explanation/format.html#mime-multi-part-archive) for use with [cloud-init](https://cloudinit.readthedocs.io/en/latest/).\n\nCloud-init is a commonly-used startup configuration utility for cloud compute instances. It accepts configuration via provider-specific user data mechanisms, such as `user_data` for Amazon EC2 instances. Multi-part MIME is one of the data formats it accepts. For more information, see [User-Data Formats](https://cloudinit.readthedocs.io/en/latest/explanation/format.html) in the cloud-init manual.\n\nThis is not a generalized utility for producing multi-part MIME messages. It's feature set is specialized for cloud-init multi-part MIME messages.",
            "description_kind": "markdown"
          }
        }
      }
    }
  }
}
