{
  "format_version": "1.0",
  "provider_schemas": {
    "registry.terraform.io/constellix/constellix": {
      "provider": {
        "version": 0,
        "block": {
          "attributes": {
            "apikey": {
              "type": "string",
              "description": "API key for HTTP call",
              "description_kind": "plain",
              "required": true
            },
            "insecure": {
              "type": "bool",
              "description": "Allows insecure HTTTPS client",
              "description_kind": "plain",
              "optional": true
            },
            "proxyurl": {
              "type": "string",
              "description": "Proxy server URL",
              "description_kind": "plain",
              "optional": true
            },
            "secretkey": {
              "type": "string",
              "description": "Secret Key for HMAC",
              "description_kind": "plain",
              "required": true
            }
          },
          "description_kind": "plain"
        }
      },
      "resource_schemas": {
        "constellix_a_record": {
          "version": 0,
          "block": {
            "attributes": {
              "contact_ids": {
                "type": [
                  "list",
                  "number"
                ],
                "description_kind": "plain",
                "optional": true,
                "computed": true
              },
              "domain_id": {
                "type": "string",
                "description_kind": "plain",
                "required": true
              },
              "geo_location": {
                "type": [
                  "map",
                  "string"
                ],
                "description_kind": "plain",
                "optional": true,
                "computed": true
              },
              "gtd_region": {
                "type": "number",
                "description_kind": "plain",
                "optional": true,
                "computed": true
              },
              "id": {
                "type": "string",
                "description_kind": "plain",
                "optional": true,
                "computed": true
              },
              "name": {
                "type": "string",
                "description_kind": "plain",
                "optional": true,
                "computed": true
              },
              "noanswer": {
                "type": "bool",
                "description_kind": "plain",
                "optional": true,
                "computed": true
              },
              "note": {
                "type": "string",
                "description_kind": "plain",
                "optional": true,
                "computed": true
              },
              "pools": {
                "type": [
                  "list",
                  "number"
                ],
                "description_kind": "plain",
                "optional": true,
                "computed": true
              },
              "record_failover_disable_flag": {
                "type": "string",
                "description_kind": "plain",
                "optional": true,
                "computed": true
              },
              "record_failover_failover_type": {
                "type": "string",
                "description_kind": "plain",
                "optional": true,
                "computed": true
              },
              "record_option": {
                "type": "string",
                "description_kind": "plain",
                "optional": true,
                "computed": true
              },
              "source_type": {
                "type": "string",
                "description_kind": "plain",
                "required": true
              },
              "ttl": {
                "type": "number",
                "description_kind": "plain",
                "required": true
              },
              "type": {
                "type": "string",
                "description_kind": "plain",
                "optional": true,
                "computed": true
              }
            },
            "block_types": {
              "record_failover_values": {
                "nesting_mode": "set",
                "block": {
                  "attributes": {
                    "check_id": {
                      "type": "number",
                      "description_kind": "plain",
                      "optional": true,
                      "computed": true
                    },
                    "disable_flag": {
                      "type": "string",
                      "description_kind": "plain",
                      "required": true
                    },
                    "sort_order": {
                      "type": "string",
                      "description_kind": "plain",
                      "required": true
                    },
                    "value": {
                      "type": "string",
                      "description_kind": "plain",
                      "required": true
                    }
                  },
                  "description_kind": "plain"
                }
              },
              "roundrobin": {
                "nesting_mode": "set",
                "block": {
                  "attributes": {
                    "disable_flag": {
                      "type": "string",
                      "description_kind": "plain",
                      "required": true
                    },
                    "value": {
                      "type": "string",
                      "description_kind": "plain",
                      "required": true
                    }
                  },
                  "description_kind": "plain"
                }
              },
              "roundrobin_failover": {
                "nesting_mode": "set",
                "block": {
                  "attributes": {
                    "disable_flag": {
                      "type": "string",
                      "description_kind": "plain",
                      "optional": true,
                      "computed": true
                    },
                    "sort_order": {
                      "type": "string",
                      "description_kind": "plain",
                      "required": true
                    },
                    "value": {
                      "type": "string",
                      "description_kind": "plain",
                      "required": true
                    }
                  },
                  "description_kind": "plain"
                }
              }
            },
            "description_kind": "plain"
          }
        },
        "constellix_a_record_pool": {
          "version": 0,
          "block": {
            "attributes": {
              "disable_flag": {
                "type": "string",
                "description_kind": "plain",
                "optional": true,
                "computed": true
              },
              "failed_flag": {
                "type": "string",
                "description_kind": "plain",
                "optional": true,
                "computed": true
              },
              "id": {
                "type": "string",
                "description_kind": "plain",
                "optional": true,
                "computed": true
              },
              "min_available_failover": {
                "type": "number",
                "description_kind": "plain",
                "required": true
              },
              "name": {
                "type": "string",
                "description_kind": "plain",
                "required": true
              },
              "note": {
                "type": "string",
                "description_kind": "plain",
                "optional": true,
                "computed": true
              },
              "num_return": {
                "type": "number",
                "description_kind": "plain",
                "required": true
              },
              "version": {
                "type": "number",
                "description_kind": "plain",
                "optional": true,
                "computed": true
              }
            },
            "block_types": {
              "values": {
                "nesting_mode": "set",
                "block": {
                  "attributes": {
                    "check_id": {
                      "type": "number",
                      "description_kind": "plain",
                      "optional": true,
                      "computed": true
                    },
                    "disable_flag": {
                      "type": "string",
                      "description_kind": "plain",
                      "optional": true,
                      "computed": true
                    },
                    "policy": {
                      "type": "string",
                      "description_kind": "plain",
                      "required": true
                    },
                    "value": {
                      "type": "string",
                      "description_kind": "plain",
                      "required": true
                    },
                    "weight": {
                      "type": "number",
                      "description_kind": "plain",
                      "required": true
                    }
                  },
                  "description_kind": "plain"
                },
                "min_items": 1
              }
            },
            "description_kind": "plain"
          }
        },
        "constellix_aaaa_record": {
          "version": 0,
          "block": {
            "attributes": {
              "contact_ids": {
                "type": [
                  "list",
                  "number"
                ],
                "description_kind": "plain",
                "optional": true,
                "computed": true
              },
              "domain_id": {
                "type": "string",
                "description_kind": "plain",
                "required": true
              },
              "geo_location": {
                "type": [
                  "map",
                  "string"
                ],
                "description_kind": "plain",
                "optional": true,
                "computed": true
              },
              "gtd_region": {
                "type": "number",
                "description_kind": "plain",
                "optional": true,
                "computed": true
              },
              "id": {
                "type": "string",
                "description_kind": "plain",
                "optional": true,
                "computed": true
              },
              "name": {
                "type": "string",
                "description_kind": "plain",
                "optional": true,
                "computed": true
              },
              "noanswer": {
                "type": "bool",
                "description_kind": "plain",
                "optional": true,
                "computed": true
              },
              "note": {
                "type": "string",
                "description_kind": "plain",
                "optional": true,
                "computed": true
              },
              "pools": {
                "type": [
                  "list",
                  "number"
                ],
                "description_kind": "plain",
                "optional": true,
                "computed": true
              },
              "record_failover_disable_flag": {
                "type": "string",
                "description_kind": "plain",
                "optional": true,
                "computed": true
              },
              "record_failover_failover_type": {
                "type": "string",
                "description_kind": "plain",
                "optional": true,
                "computed": true
              },
              "record_option": {
                "type": "string",
                "description_kind": "plain",
                "optional": true,
                "computed": true
              },
              "source_type": {
                "type": "string",
                "description_kind": "plain",
                "required": true
              },
              "ttl": {
                "type": "number",
                "description_kind": "plain",
                "required": true
              },
              "type": {
                "type": "string",
                "description_kind": "plain",
                "optional": true,
                "computed": true
              }
            },
            "block_types": {
              "record_failover_values": {
                "nesting_mode": "set",
                "block": {
                  "attributes": {
                    "check_id": {
                      "type": "number",
                      "description_kind": "plain",
                      "optional": true,
                      "computed": true
                    },
                    "disable_flag": {
                      "type": "string",
                      "description_kind": "plain",
                      "required": true
                    },
                    "sort_order": {
                      "type": "string",
                      "description_kind": "plain",
                      "required": true
                    },
                    "value": {
                      "type": "string",
                      "description_kind": "plain",
                      "required": true
                    }
                  },
                  "description_kind": "plain"
                }
              },
              "roundrobin": {
                "nesting_mode": "set",
                "block": {
                  "attributes": {
                    "disable_flag": {
                      "type": "string",
                      "description_kind": "plain",
                      "required": true
                    },
                    "value": {
                      "type": "string",
                      "description_kind": "plain",
                      "required": true
                    }
                  },
                  "description_kind": "plain"
                }
              },
              "roundrobin_failover": {
                "nesting_mode": "set",
                "block": {
                  "attributes": {
                    "disable_flag": {
                      "type": "string",
                      "description_kind": "plain",
                      "optional": true,
                      "computed": true
                    },
                    "sort_order": {
                      "type": "string",
                      "description_kind": "plain",
                      "required": true
                    },
                    "value": {
                      "type": "string",
                      "description_kind": "plain",
                      "required": true
                    }
                  },
                  "description_kind": "plain"
                }
              }
            },
            "description_kind": "plain"
          }
        },
        "constellix_aaaa_record_pool": {
          "version": 0,
          "block": {
            "attributes": {
              "disable_flag": {
                "type": "bool",
                "description_kind": "plain",
                "optional": true,
                "computed": true
              },
              "failed_flag": {
                "type": "bool",
                "description_kind": "plain",
                "optional": true,
                "computed": true
              },
              "id": {
                "type": "string",
                "description_kind": "plain",
                "optional": true,
                "computed": true
              },
              "min_available_failover": {
                "type": "number",
                "description_kind": "plain",
                "required": true
              },
              "name": {
                "type": "string",
                "description_kind": "plain",
                "required": true
              },
              "note": {
                "type": "string",
                "description_kind": "plain",
                "optional": true,
                "computed": true
              },
              "num_return": {
                "type": "number",
                "description_kind": "plain",
                "required": true
              }
            },
            "block_types": {
              "values": {
                "nesting_mode": "set",
                "block": {
                  "attributes": {
                    "check_id": {
                      "type": "number",
                      "description_kind": "plain",
                      "optional": true,
                      "computed": true
                    },
                    "disable_flag": {
                      "type": "string",
                      "description_kind": "plain",
                      "optional": true,
                      "computed": true
                    },
                    "policy": {
                      "type": "string",
                      "description_kind": "plain",
                      "required": true
                    },
                    "value": {
                      "type": "string",
                      "description_kind": "plain",
                      "required": true
                    },
                    "weight": {
                      "type": "string",
                      "description_kind": "plain",
                      "required": true
                    }
                  },
                  "description_kind": "plain"
                },
                "min_items": 1
              }
            },
            "description_kind": "plain"
          }
        },
        "constellix_aname_record": {
          "version": 1,
          "block": {
            "attributes": {
              "contact_ids": {
                "type": [
                  "list",
                  "number"
                ],
                "description_kind": "plain",
                "optional": true,
                "computed": true
              },
              "domain_id": {
                "type": "string",
                "description_kind": "plain",
                "required": true
              },
              "geo_location": {
                "type": [
                  "map",
                  "string"
                ],
                "description_kind": "plain",
                "optional": true,
                "computed": true
              },
              "gtd_region": {
                "type": "number",
                "description_kind": "plain",
                "optional": true,
                "computed": true
              },
              "id": {
                "type": "string",
                "description_kind": "plain",
                "optional": true,
                "computed": true
              },
              "name": {
                "type": "string",
                "description_kind": "plain",
                "optional": true
              },
              "noanswer": {
                "type": "bool",
                "description_kind": "plain",
                "optional": true,
                "computed": true
              },
              "note": {
                "type": "string",
                "description_kind": "plain",
                "optional": true,
                "computed": true
              },
              "pools": {
                "type": [
                  "list",
                  "number"
                ],
                "description_kind": "plain",
                "optional": true,
                "computed": true
              },
              "record_failover_disable_flag": {
                "type": "string",
                "description_kind": "plain",
                "optional": true,
                "computed": true
              },
              "record_failover_failover_type": {
                "type": "number",
                "description_kind": "plain",
                "optional": true,
                "computed": true
              },
              "record_option": {
                "type": "string",
                "description_kind": "plain",
                "optional": true,
                "computed": true
              },
              "skip_lookup": {
                "type": "bool",
                "description_kind": "plain",
                "optional": true,
                "computed": true
              },
              "source_type": {
                "type": "string",
                "description_kind": "plain",
                "required": true
              },
              "ttl": {
                "type": "number",
                "description_kind": "plain",
                "required": true
              },
              "type": {
                "type": "string",
                "description_kind": "plain",
                "optional": true,
                "computed": true
              }
            },
            "block_types": {
              "record_failover_values": {
                "nesting_mode": "set",
                "block": {
                  "attributes": {
                    "check_id": {
                      "type": "number",
                      "description_kind": "plain",
                      "optional": true,
                      "computed": true
                    },
                    "disable_flag": {
                      "type": "string",
                      "description_kind": "plain",
                      "required": true
                    },
                    "sort_order": {
                      "type": "string",
                      "description_kind": "plain",
                      "required": true
                    },
                    "value": {
                      "type": "string",
                      "description_kind": "plain",
                      "required": true
                    }
                  },
                  "description_kind": "plain"
                }
              },
              "roundrobin": {
                "nesting_mode": "set",
                "block": {
                  "attributes": {
                    "disable_flag": {
                      "type": "bool",
                      "description_kind": "plain",
                      "optional": true,
                      "computed": true
                    },
                    "value": {
                      "type": "string",
                      "description_kind": "plain",
                      "required": true
                    }
                  },
                  "description_kind": "plain"
                }
              }
            },
            "description_kind": "plain"
          }
        },
        "constellix_caa_record": {
          "version": 0,
          "block": {
            "attributes": {
              "domain_id": {
                "type": "string",
                "description_kind": "plain",
                "required": true
              },
              "gtd_region": {
                "type": "number",
                "description_kind": "plain",
                "optional": true,
                "computed": true
              },
              "id": {
                "type": "string",
                "description_kind": "plain",
                "optional": true,
                "computed": true
              },
              "name": {
                "type": "string",
                "description_kind": "plain",
                "optional": true
              },
              "noanswer": {
                "type": "bool",
                "description_kind": "plain",
                "optional": true,
                "computed": true
              },
              "note": {
                "type": "string",
                "description_kind": "plain",
                "optional": true,
                "computed": true
              },
              "source_type": {
                "type": "string",
                "description_kind": "plain",
                "required": true
              },
              "ttl": {
                "type": "number",
                "description_kind": "plain",
                "required": true
              },
              "type": {
                "type": "string",
                "description_kind": "plain",
                "optional": true,
                "computed": true
              }
            },
            "block_types": {
              "roundrobin": {
                "nesting_mode": "set",
                "block": {
                  "attributes": {
                    "caa_provider_id": {
                      "type": "number",
                      "description_kind": "plain",
                      "required": true
                    },
                    "data": {
                      "type": "string",
                      "description_kind": "plain",
                      "required": true
                    },
                    "disable_flag": {
                      "type": "string",
                      "description_kind": "plain",
                      "required": true
                    },
                    "flag": {
                      "type": "string",
                      "description_kind": "plain",
                      "required": true
                    },
                    "tag": {
                      "type": "string",
                      "description_kind": "plain",
                      "required": true
                    }
                  },
                  "description_kind": "plain"
                },
                "min_items": 1
              }
            },
            "description_kind": "plain"
          }
        },
        "constellix_cert_record": {
          "version": 0,
          "block": {
            "attributes": {
              "domain_id": {
                "type": "string",
                "description_kind": "plain",
                "required": true
              },
              "gtd_region": {
                "type": "number",
                "description_kind": "plain",
                "optional": true,
                "computed": true
              },
              "id": {
                "type": "string",
                "description_kind": "plain",
                "optional": true,
                "computed": true
              },
              "name": {
                "type": "string",
                "description_kind": "plain",
                "optional": true
              },
              "noanswer": {
                "type": "bool",
                "description_kind": "plain",
                "optional": true,
                "computed": true
              },
              "note": {
                "type": "string",
                "description_kind": "plain",
                "optional": true,
                "computed": true
              },
              "parent": {
                "type": "string",
                "description_kind": "plain",
                "optional": true,
                "computed": true
              },
              "parentid": {
                "type": "number",
                "description_kind": "plain",
                "optional": true,
                "computed": true
              },
              "source": {
                "type": "string",
                "description_kind": "plain",
                "optional": true,
                "computed": true
              },
              "source_type": {
                "type": "string",
                "description_kind": "plain",
                "required": true
              },
              "ttl": {
                "type": "number",
                "description_kind": "plain",
                "required": true
              },
              "type": {
                "type": "string",
                "description_kind": "plain",
                "optional": true,
                "computed": true
              }
            },
            "block_types": {
              "roundrobin": {
                "nesting_mode": "set",
                "block": {
                  "attributes": {
                    "algorithm": {
                      "type": "number",
                      "description_kind": "plain",
                      "required": true
                    },
                    "certificate": {
                      "type": "string",
                      "description_kind": "plain",
                      "required": true
                    },
                    "certificate_type": {
                      "type": "number",
                      "description_kind": "plain",
                      "required": true
                    },
                    "disable_flag": {
                      "type": "string",
                      "description_kind": "plain",
                      "optional": true,
                      "computed": true
                    },
                    "key_tag": {
                      "type": "number",
                      "description_kind": "plain",
                      "required": true
                    }
                  },
                  "description_kind": "plain"
                },
                "min_items": 1
              }
            },
            "description_kind": "plain"
          }
        },
        "constellix_cname_record": {
          "version": 0,
          "block": {
            "attributes": {
              "contact_ids": {
                "type": [
                  "list",
                  "number"
                ],
                "description_kind": "plain",
                "optional": true,
                "computed": true
              },
              "domain_id": {
                "type": "string",
                "description_kind": "plain",
                "required": true
              },
              "geo_location": {
                "type": [
                  "map",
                  "string"
                ],
                "description_kind": "plain",
                "optional": true,
                "computed": true
              },
              "gtd_region": {
                "type": "number",
                "description_kind": "plain",
                "optional": true,
                "computed": true
              },
              "host": {
                "type": "string",
                "description_kind": "plain",
                "optional": true,
                "computed": true
              },
              "id": {
                "type": "string",
                "description_kind": "plain",
                "optional": true,
                "computed": true
              },
              "name": {
                "type": "string",
                "description_kind": "plain",
                "optional": true,
                "computed": true
              },
              "noanswer": {
                "type": "bool",
                "description_kind": "plain",
                "optional": true,
                "computed": true
              },
              "note": {
                "type": "string",
                "description_kind": "plain",
                "optional": true,
                "computed": true
              },
              "pools": {
                "type": [
                  "list",
                  "number"
                ],
                "description_kind": "plain",
                "optional": true,
                "computed": true
              },
              "record_failover_disable_flag": {
                "type": "string",
                "description_kind": "plain",
                "optional": true,
                "computed": true
              },
              "record_failover_failover_type": {
                "type": "string",
                "description_kind": "plain",
                "optional": true,
                "computed": true
              },
              "record_option": {
                "type": "string",
                "description_kind": "plain",
                "optional": true,
                "computed": true
              },
              "source_type": {
                "type": "string",
                "description_kind": "plain",
                "required": true
              },
              "ttl": {
                "type": "number",
                "description_kind": "plain",
                "required": true
              },
              "type": {
                "type": "string",
                "description_kind": "plain",
                "optional": true,
                "computed": true
              }
            },
            "block_types": {
              "record_failover_values": {
                "nesting_mode": "set",
                "block": {
                  "attributes": {
                    "check_id": {
                      "type": "number",
                      "description_kind": "plain",
                      "optional": true,
                      "computed": true
                    },
                    "disable_flag": {
                      "type": "string",
                      "description_kind": "plain",
                      "required": true
                    },
                    "sort_order": {
                      "type": "string",
                      "description_kind": "plain",
                      "required": true
                    },
                    "value": {
                      "type": "string",
                      "description_kind": "plain",
                      "required": true
                    }
                  },
                  "description_kind": "plain"
                }
              }
            },
            "description_kind": "plain"
          }
        },
        "constellix_cname_record_pool": {
          "version": 0,
          "block": {
            "attributes": {
              "disable_flag": {
                "type": "string",
                "description_kind": "plain",
                "optional": true,
                "computed": true
              },
              "failed_flag": {
                "type": "string",
                "description_kind": "plain",
                "optional": true,
                "computed": true
              },
              "id": {
                "type": "string",
                "description_kind": "plain",
                "optional": true,
                "computed": true
              },
              "min_available_failover": {
                "type": "number",
                "description_kind": "plain",
                "required": true
              },
              "name": {
                "type": "string",
                "description_kind": "plain",
                "required": true
              },
              "note": {
                "type": "string",
                "description_kind": "plain",
                "optional": true,
                "computed": true
              },
              "num_return": {
                "type": "number",
                "description_kind": "plain",
                "required": true
              },
              "version": {
                "type": "number",
                "description_kind": "plain",
                "optional": true,
                "computed": true
              }
            },
            "block_types": {
              "values": {
                "nesting_mode": "set",
                "block": {
                  "attributes": {
                    "check_id": {
                      "type": "number",
                      "description_kind": "plain",
                      "optional": true,
                      "computed": true
                    },
                    "disable_flag": {
                      "type": "string",
                      "description_kind": "plain",
                      "optional": true,
                      "computed": true
                    },
                    "policy": {
                      "type": "string",
                      "description_kind": "plain",
                      "required": true
                    },
                    "value": {
                      "type": "string",
                      "description_kind": "plain",
                      "required": true
                    },
                    "weight": {
                      "type": "number",
                      "description_kind": "plain",
                      "required": true
                    }
                  },
                  "description_kind": "plain"
                },
                "min_items": 1
              }
            },
            "description_kind": "plain"
          }
        },
        "constellix_contact_lists": {
          "version": 0,
          "block": {
            "attributes": {
              "email_addresses": {
                "type": [
                  "set",
                  "string"
                ],
                "description_kind": "plain",
                "required": true
              },
              "id": {
                "type": "string",
                "description_kind": "plain",
                "optional": true,
                "computed": true
              },
              "name": {
                "type": "string",
                "description_kind": "plain",
                "required": true
              }
            },
            "description_kind": "plain"
          }
        },
        "constellix_dns_check": {
          "version": 1,
          "block": {
            "attributes": {
              "check_sites": {
                "type": [
                  "list",
                  "number"
                ],
                "description_kind": "plain",
                "required": true
              },
              "expected_response": {
                "type": "string",
                "description_kind": "plain",
                "optional": true,
                "computed": true
              },
              "fqdn": {
                "type": "string",
                "description_kind": "plain",
                "required": true
              },
              "id": {
                "type": "string",
                "description_kind": "plain",
                "optional": true,
                "computed": true
              },
              "interval": {
                "type": "string",
                "description_kind": "plain",
                "optional": true,
                "computed": true
              },
              "interval_policy": {
                "type": "string",
                "description_kind": "plain",
                "optional": true,
                "computed": true
              },
              "name": {
                "type": "string",
                "description_kind": "plain",
                "optional": true,
                "computed": true
              },
              "notification_groups": {
                "type": [
                  "list",
                  "number"
                ],
                "description_kind": "plain",
                "optional": true,
                "computed": true
              },
              "notification_report_timeout": {
                "type": "number",
                "description_kind": "plain",
                "optional": true,
                "computed": true
              },
              "resolver": {
                "type": "string",
                "description_kind": "plain",
                "required": true
              },
              "verification_policy": {
                "type": "string",
                "description_kind": "plain",
                "optional": true,
                "computed": true
              }
            },
            "description_kind": "plain"
          }
        },
        "constellix_domain": {
          "version": 1,
          "block": {
            "attributes": {
              "has_geoip": {
                "type": "bool",
                "description_kind": "plain",
                "optional": true,
                "computed": true
              },
              "has_gtd_regions": {
                "type": "bool",
                "description_kind": "plain",
                "optional": true,
                "computed": true
              },
              "id": {
                "type": "string",
                "description_kind": "plain",
                "optional": true,
                "computed": true
              },
              "name": {
                "type": "string",
                "description_kind": "plain",
                "required": true
              },
              "nameserver_group": {
                "type": "string",
                "description_kind": "plain",
                "optional": true,
                "computed": true
              },
              "note": {
                "type": "string",
                "description_kind": "plain",
                "optional": true,
                "computed": true
              },
              "soa": {
                "type": [
                  "map",
                  "string"
                ],
                "description_kind": "plain",
                "optional": true,
                "computed": true
              },
              "tags": {
                "type": [
                  "list",
                  "string"
                ],
                "description_kind": "plain",
                "optional": true,
                "computed": true
              },
              "template": {
                "type": "number",
                "description_kind": "plain",
                "optional": true
              },
              "vanity_nameserver": {
                "type": "string",
                "description_kind": "plain",
                "optional": true
              }
            },
            "description_kind": "plain"
          }
        },
        "constellix_geo_filter": {
          "version": 0,
          "block": {
            "attributes": {
              "asn": {
                "type": [
                  "list",
                  "number"
                ],
                "description_kind": "plain",
                "optional": true,
                "computed": true
              },
              "filter_rules_limit": {
                "type": "number",
                "description_kind": "plain",
                "optional": true,
                "computed": true
              },
              "geoip_continents": {
                "type": [
                  "list",
                  "string"
                ],
                "description_kind": "plain",
                "optional": true
              },
              "geoip_countries": {
                "type": [
                  "list",
                  "string"
                ],
                "description_kind": "plain",
                "optional": true,
                "computed": true
              },
              "geoip_regions": {
                "type": [
                  "list",
                  "string"
                ],
                "description_kind": "plain",
                "optional": true,
                "computed": true
              },
              "id": {
                "type": "string",
                "description_kind": "plain",
                "optional": true,
                "computed": true
              },
              "ipv4": {
                "type": [
                  "list",
                  "string"
                ],
                "description_kind": "plain",
                "optional": true,
                "computed": true
              },
              "ipv6": {
                "type": [
                  "list",
                  "string"
                ],
                "description_kind": "plain",
                "optional": true,
                "computed": true
              },
              "name": {
                "type": "string",
                "description_kind": "plain",
                "required": true
              }
            },
            "description_kind": "plain"
          }
        },
        "constellix_geo_proximity": {
          "version": 0,
          "block": {
            "attributes": {
              "city": {
                "type": "number",
                "description_kind": "plain",
                "optional": true,
                "computed": true
              },
              "country": {
                "type": "string",
                "description_kind": "plain",
                "optional": true,
                "computed": true
              },
              "id": {
                "type": "string",
                "description_kind": "plain",
                "optional": true,
                "computed": true
              },
              "latitude": {
                "type": "number",
                "description_kind": "plain",
                "optional": true,
                "computed": true
              },
              "longitude": {
                "type": "number",
                "description_kind": "plain",
                "optional": true,
                "computed": true
              },
              "name": {
                "type": "string",
                "description_kind": "plain",
                "optional": true,
                "computed": true
              },
              "region": {
                "type": "string",
                "description_kind": "plain",
                "optional": true,
                "computed": true
              }
            },
            "description_kind": "plain"
          }
        },
        "constellix_hinfo_record": {
          "version": 0,
          "block": {
            "attributes": {
              "domain_id": {
                "type": "string",
                "description_kind": "plain",
                "required": true
              },
              "gtd_region": {
                "type": "number",
                "description_kind": "plain",
                "optional": true,
                "computed": true
              },
              "id": {
                "type": "string",
                "description_kind": "plain",
                "optional": true,
                "computed": true
              },
              "name": {
                "type": "string",
                "description_kind": "plain",
                "optional": true
              },
              "noanswer": {
                "type": "bool",
                "description_kind": "plain",
                "optional": true,
                "computed": true
              },
              "note": {
                "type": "string",
                "description_kind": "plain",
                "optional": true,
                "computed": true
              },
              "source_type": {
                "type": "string",
                "description_kind": "plain",
                "required": true
              },
              "ttl": {
                "type": "number",
                "description_kind": "plain",
                "required": true
              },
              "type": {
                "type": "string",
                "description_kind": "plain",
                "optional": true,
                "computed": true
              }
            },
            "block_types": {
              "roundrobin": {
                "nesting_mode": "set",
                "block": {
                  "attributes": {
                    "cpu": {
                      "type": "string",
                      "description_kind": "plain",
                      "required": true
                    },
                    "disable_flag": {
                      "type": "string",
                      "description_kind": "plain",
                      "optional": true,
                      "computed": true
                    },
                    "os": {
                      "type": "string",
                      "description_kind": "plain",
                      "required": true
                    }
                  },
                  "description_kind": "plain"
                },
                "min_items": 1
              }
            },
            "description_kind": "plain"
          }
        },
        "constellix_http_check": {
          "version": 0,
          "block": {
            "attributes": {
              "check_sites": {
                "type": [
                  "set",
                  "number"
                ],
                "description_kind": "plain",
                "required": true
              },
              "expected_status_code": {
                "type": "number",
                "description_kind": "plain",
                "optional": true,
                "computed": true
              },
              "fqdn": {
                "type": "string",
                "description_kind": "plain",
                "optional": true,
                "computed": true
              },
              "host": {
                "type": "string",
                "description_kind": "plain",
                "required": true
              },
              "id": {
                "type": "string",
                "description_kind": "plain",
                "optional": true,
                "computed": true
              },
              "interval": {
                "type": "string",
                "description_kind": "plain",
                "optional": true,
                "computed": true
              },
              "interval_policy": {
                "type": "string",
                "description_kind": "plain",
                "optional": true,
                "computed": true
              },
              "ip_version": {
                "type": "string",
                "description_kind": "plain",
                "required": true
              },
              "name": {
                "type": "string",
                "description_kind": "plain",
                "optional": true,
                "computed": true
              },
              "notification_groups": {
                "type": [
                  "set",
                  "number"
                ],
                "description_kind": "plain",
                "optional": true,
                "computed": true
              },
              "notification_report_timeout": {
                "type": "number",
                "description_kind": "plain",
                "optional": true,
                "computed": true
              },
              "path": {
                "type": "string",
                "description_kind": "plain",
                "optional": true,
                "computed": true
              },
              "port": {
                "type": "number",
                "description_kind": "plain",
                "required": true
              },
              "protocol_type": {
                "type": "string",
                "description_kind": "plain",
                "required": true
              },
              "search_string": {
                "type": "string",
                "description_kind": "plain",
                "optional": true,
                "computed": true
              },
              "verification_policy": {
                "type": "string",
                "description_kind": "plain",
                "optional": true,
                "computed": true
              }
            },
            "description_kind": "plain"
          }
        },
        "constellix_http_redirection_record": {
          "version": 0,
          "block": {
            "attributes": {
              "description": {
                "type": "string",
                "description_kind": "plain",
                "optional": true,
                "computed": true
              },
              "domain_id": {
                "type": "string",
                "description_kind": "plain",
                "required": true
              },
              "gtd_region": {
                "type": "number",
                "description_kind": "plain",
                "optional": true,
                "computed": true
              },
              "hardlink_flag": {
                "type": "bool",
                "description_kind": "plain",
                "optional": true,
                "computed": true
              },
              "id": {
                "type": "string",
                "description_kind": "plain",
                "optional": true,
                "computed": true
              },
              "keywords": {
                "type": "string",
                "description_kind": "plain",
                "optional": true,
                "computed": true
              },
              "name": {
                "type": "string",
                "description_kind": "plain",
                "optional": true
              },
              "noanswer": {
                "type": "bool",
                "description_kind": "plain",
                "optional": true,
                "computed": true
              },
              "note": {
                "type": "string",
                "description_kind": "plain",
                "optional": true,
                "computed": true
              },
              "parent": {
                "type": "string",
                "description_kind": "plain",
                "optional": true,
                "computed": true
              },
              "parentid": {
                "type": "number",
                "description_kind": "plain",
                "optional": true,
                "computed": true
              },
              "redirect_type_id": {
                "type": "number",
                "description_kind": "plain",
                "required": true
              },
              "source": {
                "type": "string",
                "description_kind": "plain",
                "optional": true,
                "computed": true
              },
              "source_type": {
                "type": "string",
                "description_kind": "plain",
                "required": true
              },
              "title": {
                "type": "string",
                "description_kind": "plain",
                "optional": true,
                "computed": true
              },
              "ttl": {
                "type": "number",
                "description_kind": "plain",
                "required": true
              },
              "type": {
                "type": "string",
                "description_kind": "plain",
                "optional": true,
                "computed": true
              },
              "url": {
                "type": "string",
                "description_kind": "plain",
                "required": true
              }
            },
            "description_kind": "plain"
          }
        },
        "constellix_mx_record": {
          "version": 0,
          "block": {
            "attributes": {
              "domain_id": {
                "type": "string",
                "description_kind": "plain",
                "required": true
              },
              "gtd_region": {
                "type": "number",
                "description_kind": "plain",
                "optional": true,
                "computed": true
              },
              "id": {
                "type": "string",
                "description_kind": "plain",
                "optional": true,
                "computed": true
              },
              "name": {
                "type": "string",
                "description_kind": "plain",
                "optional": true
              },
              "noanswer": {
                "type": "bool",
                "description_kind": "plain",
                "optional": true,
                "computed": true
              },
              "note": {
                "type": "string",
                "description_kind": "plain",
                "optional": true,
                "computed": true
              },
              "source_type": {
                "type": "string",
                "description_kind": "plain",
                "required": true
              },
              "ttl": {
                "type": "number",
                "description_kind": "plain",
                "required": true
              },
              "type": {
                "type": "string",
                "description_kind": "plain",
                "optional": true,
                "computed": true
              }
            },
            "block_types": {
              "roundrobin": {
                "nesting_mode": "set",
                "block": {
                  "attributes": {
                    "disable_flag": {
                      "type": "string",
                      "description_kind": "plain",
                      "optional": true,
                      "computed": true
                    },
                    "level": {
                      "type": "string",
                      "description_kind": "plain",
                      "required": true
                    },
                    "value": {
                      "type": "string",
                      "description_kind": "plain",
                      "required": true
                    }
                  },
                  "description_kind": "plain"
                },
                "min_items": 1
              }
            },
            "description_kind": "plain"
          }
        },
        "constellix_naptr_record": {
          "version": 0,
          "block": {
            "attributes": {
              "domain_id": {
                "type": "string",
                "description_kind": "plain",
                "required": true
              },
              "gtd_region": {
                "type": "number",
                "description_kind": "plain",
                "optional": true,
                "computed": true
              },
              "id": {
                "type": "string",
                "description_kind": "plain",
                "optional": true,
                "computed": true
              },
              "name": {
                "type": "string",
                "description_kind": "plain",
                "optional": true,
                "computed": true
              },
              "noanswer": {
                "type": "bool",
                "description_kind": "plain",
                "optional": true,
                "computed": true
              },
              "note": {
                "type": "string",
                "description_kind": "plain",
                "optional": true,
                "computed": true
              },
              "source_type": {
                "type": "string",
                "description_kind": "plain",
                "required": true
              },
              "ttl": {
                "type": "number",
                "description_kind": "plain",
                "required": true
              },
              "type": {
                "type": "string",
                "description_kind": "plain",
                "optional": true,
                "computed": true
              }
            },
            "block_types": {
              "roundrobin": {
                "nesting_mode": "set",
                "block": {
                  "attributes": {
                    "disable_flag": {
                      "type": "string",
                      "description_kind": "plain",
                      "required": true
                    },
                    "flags": {
                      "type": "string",
                      "description_kind": "plain",
                      "required": true
                    },
                    "order": {
                      "type": "string",
                      "description_kind": "plain",
                      "required": true
                    },
                    "preference": {
                      "type": "string",
                      "description_kind": "plain",
                      "required": true
                    },
                    "regular_expression": {
                      "type": "string",
                      "description_kind": "plain",
                      "required": true
                    },
                    "replacement": {
                      "type": "string",
                      "description_kind": "plain",
                      "required": true
                    },
                    "service": {
                      "type": "string",
                      "description_kind": "plain",
                      "required": true
                    }
                  },
                  "description_kind": "plain"
                },
                "min_items": 1
              }
            },
            "description_kind": "plain"
          }
        },
        "constellix_ns_record": {
          "version": 0,
          "block": {
            "attributes": {
              "domain_id": {
                "type": "string",
                "description_kind": "plain",
                "required": true
              },
              "gtd_region": {
                "type": "number",
                "description_kind": "plain",
                "optional": true,
                "computed": true
              },
              "id": {
                "type": "string",
                "description_kind": "plain",
                "optional": true,
                "computed": true
              },
              "name": {
                "type": "string",
                "description_kind": "plain",
                "optional": true,
                "computed": true
              },
              "noanswer": {
                "type": "bool",
                "description_kind": "plain",
                "optional": true,
                "computed": true
              },
              "note": {
                "type": "string",
                "description_kind": "plain",
                "optional": true,
                "computed": true
              },
              "source_type": {
                "type": "string",
                "description_kind": "plain",
                "required": true
              },
              "ttl": {
                "type": "number",
                "description_kind": "plain",
                "required": true
              },
              "type": {
                "type": "string",
                "description_kind": "plain",
                "optional": true,
                "computed": true
              }
            },
            "block_types": {
              "roundrobin": {
                "nesting_mode": "set",
                "block": {
                  "attributes": {
                    "disable_flag": {
                      "type": "string",
                      "description_kind": "plain",
                      "optional": true
                    },
                    "value": {
                      "type": "string",
                      "description_kind": "plain",
                      "required": true
                    }
                  },
                  "description_kind": "plain"
                },
                "min_items": 1
              }
            },
            "description_kind": "plain"
          }
        },
        "constellix_ptr_record": {
          "version": 0,
          "block": {
            "attributes": {
              "domain_id": {
                "type": "string",
                "description_kind": "plain",
                "required": true
              },
              "gtd_region": {
                "type": "number",
                "description_kind": "plain",
                "optional": true,
                "computed": true
              },
              "id": {
                "type": "string",
                "description_kind": "plain",
                "optional": true,
                "computed": true
              },
              "name": {
                "type": "string",
                "description_kind": "plain",
                "optional": true
              },
              "noanswer": {
                "type": "string",
                "description_kind": "plain",
                "optional": true,
                "computed": true
              },
              "note": {
                "type": "string",
                "description_kind": "plain",
                "optional": true,
                "computed": true
              },
              "parent": {
                "type": "string",
                "description_kind": "plain",
                "optional": true,
                "computed": true
              },
              "parentid": {
                "type": "number",
                "description_kind": "plain",
                "optional": true,
                "computed": true
              },
              "source": {
                "type": "string",
                "description_kind": "plain",
                "optional": true,
                "computed": true
              },
              "source_type": {
                "type": "string",
                "description_kind": "plain",
                "required": true
              },
              "ttl": {
                "type": "number",
                "description_kind": "plain",
                "required": true
              },
              "type": {
                "type": "string",
                "description_kind": "plain",
                "optional": true,
                "computed": true
              }
            },
            "block_types": {
              "roundrobin": {
                "nesting_mode": "set",
                "block": {
                  "attributes": {
                    "disable_flag": {
                      "type": "string",
                      "description_kind": "plain",
                      "optional": true,
                      "computed": true
                    },
                    "value": {
                      "type": "number",
                      "description_kind": "plain",
                      "required": true
                    }
                  },
                  "description_kind": "plain"
                },
                "min_items": 1
              }
            },
            "description_kind": "plain"
          }
        },
        "constellix_rp_record": {
          "version": 0,
          "block": {
            "attributes": {
              "domain_id": {
                "type": "string",
                "description_kind": "plain",
                "required": true
              },
              "gtd_region": {
                "type": "number",
                "description_kind": "plain",
                "optional": true,
                "computed": true
              },
              "id": {
                "type": "string",
                "description_kind": "plain",
                "optional": true,
                "computed": true
              },
              "name": {
                "type": "string",
                "description_kind": "plain",
                "optional": true
              },
              "noanswer": {
                "type": "bool",
                "description_kind": "plain",
                "optional": true,
                "computed": true
              },
              "note": {
                "type": "string",
                "description_kind": "plain",
                "optional": true,
                "computed": true
              },
              "parent": {
                "type": "string",
                "description_kind": "plain",
                "optional": true,
                "computed": true
              },
              "parentid": {
                "type": "number",
                "description_kind": "plain",
                "optional": true,
                "computed": true
              },
              "source": {
                "type": "string",
                "description_kind": "plain",
                "optional": true,
                "computed": true
              },
              "source_type": {
                "type": "string",
                "description_kind": "plain",
                "required": true
              },
              "ttl": {
                "type": "number",
                "description_kind": "plain",
                "required": true
              },
              "type": {
                "type": "string",
                "description_kind": "plain",
                "optional": true,
                "computed": true
              }
            },
            "block_types": {
              "roundrobin": {
                "nesting_mode": "set",
                "block": {
                  "attributes": {
                    "disable_flag": {
                      "type": "string",
                      "description_kind": "plain",
                      "optional": true,
                      "computed": true
                    },
                    "mailbox": {
                      "type": "string",
                      "description_kind": "plain",
                      "required": true
                    },
                    "txt": {
                      "type": "string",
                      "description_kind": "plain",
                      "required": true
                    }
                  },
                  "description_kind": "plain"
                },
                "min_items": 1
              }
            },
            "description_kind": "plain"
          }
        },
        "constellix_spf_record": {
          "version": 0,
          "block": {
            "attributes": {
              "domain_id": {
                "type": "string",
                "description_kind": "plain",
                "required": true
              },
              "gtd_region": {
                "type": "number",
                "description_kind": "plain",
                "optional": true,
                "computed": true
              },
              "id": {
                "type": "string",
                "description_kind": "plain",
                "optional": true,
                "computed": true
              },
              "name": {
                "type": "string",
                "description_kind": "plain",
                "optional": true
              },
              "noanswer": {
                "type": "bool",
                "description_kind": "plain",
                "optional": true,
                "computed": true
              },
              "note": {
                "type": "string",
                "description_kind": "plain",
                "optional": true,
                "computed": true
              },
              "source_type": {
                "type": "string",
                "description_kind": "plain",
                "required": true
              },
              "ttl": {
                "type": "number",
                "description_kind": "plain",
                "required": true
              },
              "type": {
                "type": "string",
                "description_kind": "plain",
                "optional": true,
                "computed": true
              }
            },
            "block_types": {
              "roundrobin": {
                "nesting_mode": "set",
                "block": {
                  "attributes": {
                    "disable_flag": {
                      "type": "string",
                      "description_kind": "plain",
                      "optional": true,
                      "computed": true
                    },
                    "value": {
                      "type": "string",
                      "description_kind": "plain",
                      "required": true
                    }
                  },
                  "description_kind": "plain"
                },
                "min_items": 1
              }
            },
            "description_kind": "plain"
          }
        },
        "constellix_srv_record": {
          "version": 1,
          "block": {
            "attributes": {
              "domain_id": {
                "type": "string",
                "description_kind": "plain",
                "required": true
              },
              "gtd_region": {
                "type": "number",
                "description_kind": "plain",
                "optional": true,
                "computed": true
              },
              "id": {
                "type": "string",
                "description_kind": "plain",
                "optional": true,
                "computed": true
              },
              "name": {
                "type": "string",
                "description_kind": "plain",
                "optional": true
              },
              "noanswer": {
                "type": "bool",
                "description_kind": "plain",
                "optional": true,
                "computed": true
              },
              "note": {
                "type": "string",
                "description_kind": "plain",
                "optional": true,
                "computed": true
              },
              "source_type": {
                "type": "string",
                "description_kind": "plain",
                "required": true
              },
              "ttl": {
                "type": "number",
                "description_kind": "plain",
                "required": true
              },
              "type": {
                "type": "string",
                "description_kind": "plain",
                "optional": true,
                "computed": true
              }
            },
            "block_types": {
              "roundrobin": {
                "nesting_mode": "set",
                "block": {
                  "attributes": {
                    "disable_flag": {
                      "type": "bool",
                      "description_kind": "plain",
                      "optional": true,
                      "computed": true
                    },
                    "port": {
                      "type": "number",
                      "description_kind": "plain",
                      "optional": true,
                      "computed": true
                    },
                    "priority": {
                      "type": "number",
                      "description_kind": "plain",
                      "optional": true,
                      "computed": true
                    },
                    "value": {
                      "type": "string",
                      "description_kind": "plain",
                      "optional": true,
                      "computed": true
                    },
                    "weight": {
                      "type": "number",
                      "description_kind": "plain",
                      "optional": true,
                      "computed": true
                    }
                  },
                  "description_kind": "plain"
                },
                "min_items": 1
              }
            },
            "description_kind": "plain"
          }
        },
        "constellix_tags": {
          "version": 0,
          "block": {
            "attributes": {
              "id": {
                "type": "string",
                "description_kind": "plain",
                "optional": true,
                "computed": true
              },
              "name": {
                "type": "string",
                "description_kind": "plain",
                "required": true
              }
            },
            "description_kind": "plain"
          }
        },
        "constellix_tcp_check": {
          "version": 0,
          "block": {
            "attributes": {
              "check_sites": {
                "type": [
                  "list",
                  "number"
                ],
                "description_kind": "plain",
                "required": true
              },
              "host": {
                "type": "string",
                "description_kind": "plain",
                "required": true
              },
              "id": {
                "type": "string",
                "description_kind": "plain",
                "optional": true,
                "computed": true
              },
              "interval": {
                "type": "string",
                "description_kind": "plain",
                "optional": true,
                "computed": true
              },
              "interval_policy": {
                "type": "string",
                "description_kind": "plain",
                "optional": true,
                "computed": true
              },
              "ip_version": {
                "type": "string",
                "description_kind": "plain",
                "required": true
              },
              "name": {
                "type": "string",
                "description_kind": "plain",
                "optional": true,
                "computed": true
              },
              "notification_groups": {
                "type": [
                  "list",
                  "number"
                ],
                "description_kind": "plain",
                "optional": true,
                "computed": true
              },
              "notification_report_timeout": {
                "type": "number",
                "description_kind": "plain",
                "optional": true,
                "computed": true
              },
              "port": {
                "type": "number",
                "description_kind": "plain",
                "required": true
              },
              "string_to_receive": {
                "type": "string",
                "description_kind": "plain",
                "optional": true,
                "computed": true
              },
              "string_to_send": {
                "type": "string",
                "description_kind": "plain",
                "optional": true,
                "computed": true
              },
              "verification_policy": {
                "type": "string",
                "description_kind": "plain",
                "optional": true,
                "computed": true
              }
            },
            "description_kind": "plain"
          }
        },
        "constellix_template": {
          "version": 0,
          "block": {
            "attributes": {
              "domain": {
                "type": "number",
                "description_kind": "plain",
                "optional": true,
                "computed": true
              },
              "has_geoip": {
                "type": "bool",
                "description_kind": "plain",
                "optional": true,
                "computed": true
              },
              "has_gtd_regions": {
                "type": "bool",
                "description_kind": "plain",
                "optional": true,
                "computed": true
              },
              "id": {
                "type": "string",
                "description_kind": "plain",
                "optional": true,
                "computed": true
              },
              "name": {
                "type": "string",
                "description_kind": "plain",
                "required": true
              },
              "version": {
                "type": "number",
                "description_kind": "plain",
                "optional": true,
                "computed": true
              }
            },
            "description_kind": "plain"
          }
        },
        "constellix_txt_record": {
          "version": 0,
          "block": {
            "attributes": {
              "domain_id": {
                "type": "string",
                "description_kind": "plain",
                "required": true
              },
              "gtd_region": {
                "type": "number",
                "description_kind": "plain",
                "optional": true,
                "computed": true
              },
              "id": {
                "type": "string",
                "description_kind": "plain",
                "optional": true,
                "computed": true
              },
              "name": {
                "type": "string",
                "description_kind": "plain",
                "optional": true
              },
              "noanswer": {
                "type": "string",
                "description_kind": "plain",
                "optional": true,
                "computed": true
              },
              "note": {
                "type": "string",
                "description_kind": "plain",
                "optional": true,
                "computed": true
              },
              "parent": {
                "type": "string",
                "description_kind": "plain",
                "optional": true,
                "computed": true
              },
              "parentid": {
                "type": "number",
                "description_kind": "plain",
                "optional": true,
                "computed": true
              },
              "source": {
                "type": "string",
                "description_kind": "plain",
                "optional": true,
                "computed": true
              },
              "source_type": {
                "type": "string",
                "description_kind": "plain",
                "required": true
              },
              "ttl": {
                "type": "number",
                "description_kind": "plain",
                "required": true
              },
              "type": {
                "type": "string",
                "description_kind": "plain",
                "optional": true,
                "computed": true
              }
            },
            "block_types": {
              "roundrobin": {
                "nesting_mode": "list",
                "block": {
                  "attributes": {
                    "disable_flag": {
                      "type": "bool",
                      "description_kind": "plain",
                      "optional": true,
                      "computed": true
                    },
                    "value": {
                      "type": "string",
                      "description_kind": "plain",
                      "required": true
                    }
                  },
                  "description_kind": "plain"
                },
                "min_items": 1
              }
            },
            "description_kind": "plain"
          }
        },
        "constellix_vanity_nameserver": {
          "version": 0,
          "block": {
            "attributes": {
              "id": {
                "type": "string",
                "description_kind": "plain",
                "optional": true,
                "computed": true
              },
              "is_default": {
                "type": "bool",
                "description_kind": "plain",
                "optional": true,
                "computed": true
              },
              "is_public": {
                "type": "bool",
                "description_kind": "plain",
                "optional": true,
                "computed": true
              },
              "name": {
                "type": "string",
                "description_kind": "plain",
                "required": true
              },
              "nameserver_group": {
                "type": "number",
                "description_kind": "plain",
                "required": true
              },
              "nameserver_group_name": {
                "type": "string",
                "description_kind": "plain",
                "optional": true,
                "computed": true
              },
              "nameserver_list_string": {
                "type": "string",
                "description_kind": "plain",
                "required": true
              }
            },
            "description_kind": "plain"
          }
        }
      },
      "data_source_schemas": {
        "constellix_a_record": {
          "version": 0,
          "block": {
            "attributes": {
              "contact_ids": {
                "type": [
                  "list",
                  "number"
                ],
                "description_kind": "plain",
                "optional": true,
                "computed": true
              },
              "domain_id": {
                "type": "string",
                "description_kind": "plain",
                "required": true
              },
              "geo_location": {
                "type": [
                  "map",
                  "string"
                ],
                "description_kind": "plain",
                "optional": true,
                "computed": true
              },
              "gtd_region": {
                "type": "number",
                "description_kind": "plain",
                "optional": true,
                "computed": true
              },
              "id": {
                "type": "string",
                "description_kind": "plain",
                "optional": true,
                "computed": true
              },
              "name": {
                "type": "string",
                "description_kind": "plain",
                "required": true
              },
              "noanswer": {
                "type": "bool",
                "description_kind": "plain",
                "optional": true,
                "computed": true
              },
              "note": {
                "type": "string",
                "description_kind": "plain",
                "optional": true,
                "computed": true
              },
              "pools": {
                "type": [
                  "list",
                  "number"
                ],
                "description_kind": "plain",
                "optional": true,
                "computed": true
              },
              "record_failover_disable_flag": {
                "type": "string",
                "description_kind": "plain",
                "optional": true,
                "computed": true
              },
              "record_failover_failover_type": {
                "type": "string",
                "description_kind": "plain",
                "optional": true,
                "computed": true
              },
              "record_option": {
                "type": "string",
                "description_kind": "plain",
                "optional": true,
                "computed": true
              },
              "roundrobin": {
                "type": [
                  "map",
                  "string"
                ],
                "description_kind": "plain",
                "optional": true,
                "computed": true
              },
              "source_type": {
                "type": "string",
                "description_kind": "plain",
                "required": true
              },
              "ttl": {
                "type": "number",
                "description_kind": "plain",
                "optional": true,
                "computed": true
              },
              "type": {
                "type": "string",
                "description_kind": "plain",
                "optional": true,
                "computed": true
              }
            },
            "block_types": {
              "record_failover_values": {
                "nesting_mode": "set",
                "block": {
                  "attributes": {
                    "checkidrcdf": {
                      "type": "number",
                      "description_kind": "plain",
                      "optional": true,
                      "computed": true
                    },
                    "disable_flag": {
                      "type": "string",
                      "description_kind": "plain",
                      "optional": true,
                      "computed": true
                    },
                    "sort_order": {
                      "type": "string",
                      "description_kind": "plain",
                      "optional": true,
                      "computed": true
                    },
                    "value": {
                      "type": "string",
                      "description_kind": "plain",
                      "optional": true,
                      "computed": true
                    }
                  },
                  "description_kind": "plain"
                }
              },
              "roundrobin_failover": {
                "nesting_mode": "list",
                "block": {
                  "attributes": {
                    "disable_flag": {
                      "type": "string",
                      "description_kind": "plain",
                      "optional": true,
                      "computed": true
                    },
                    "sort_order": {
                      "type": "string",
                      "description_kind": "plain",
                      "optional": true,
                      "computed": true
                    },
                    "value": {
                      "type": "string",
                      "description_kind": "plain",
                      "optional": true,
                      "computed": true
                    }
                  },
                  "description_kind": "plain"
                }
              }
            },
            "description_kind": "plain"
          }
        },
        "constellix_a_record_pool": {
          "version": 0,
          "block": {
            "attributes": {
              "disable_flag_1": {
                "type": "bool",
                "description_kind": "plain",
                "optional": true,
                "computed": true
              },
              "failed_flag": {
                "type": "bool",
                "description_kind": "plain",
                "optional": true,
                "computed": true
              },
              "id": {
                "type": "string",
                "description_kind": "plain",
                "optional": true,
                "computed": true
              },
              "min_available_failover": {
                "type": "number",
                "description_kind": "plain",
                "optional": true,
                "computed": true
              },
              "name": {
                "type": "string",
                "description_kind": "plain",
                "required": true
              },
              "note": {
                "type": "string",
                "description_kind": "plain",
                "optional": true,
                "computed": true
              },
              "num_return": {
                "type": "number",
                "description_kind": "plain",
                "optional": true,
                "computed": true
              },
              "version": {
                "type": "number",
                "description_kind": "plain",
                "optional": true,
                "computed": true
              }
            },
            "block_types": {
              "values": {
                "nesting_mode": "set",
                "block": {
                  "attributes": {
                    "check_id": {
                      "type": "number",
                      "description_kind": "plain",
                      "optional": true,
                      "computed": true
                    },
                    "disable_flag": {
                      "type": "string",
                      "description_kind": "plain",
                      "optional": true,
                      "computed": true
                    },
                    "policy": {
                      "type": "string",
                      "description_kind": "plain",
                      "required": true
                    },
                    "value": {
                      "type": "string",
                      "description_kind": "plain",
                      "required": true
                    },
                    "weight": {
                      "type": "number",
                      "description_kind": "plain",
                      "required": true
                    }
                  },
                  "description_kind": "plain"
                }
              }
            },
            "description_kind": "plain"
          }
        },
        "constellix_aaaa_record": {
          "version": 0,
          "block": {
            "attributes": {
              "contact_ids": {
                "type": [
                  "list",
                  "number"
                ],
                "description_kind": "plain",
                "optional": true,
                "computed": true
              },
              "domain_id": {
                "type": "string",
                "description_kind": "plain",
                "required": true
              },
              "geo_location": {
                "type": [
                  "map",
                  "string"
                ],
                "description_kind": "plain",
                "optional": true,
                "computed": true
              },
              "gtd_region": {
                "type": "number",
                "description_kind": "plain",
                "optional": true,
                "computed": true
              },
              "id": {
                "type": "string",
                "description_kind": "plain",
                "optional": true,
                "computed": true
              },
              "name": {
                "type": "string",
                "description_kind": "plain",
                "required": true
              },
              "noanswer": {
                "type": "bool",
                "description_kind": "plain",
                "optional": true,
                "computed": true
              },
              "note": {
                "type": "string",
                "description_kind": "plain",
                "optional": true,
                "computed": true
              },
              "pools": {
                "type": [
                  "list",
                  "number"
                ],
                "description_kind": "plain",
                "optional": true,
                "computed": true
              },
              "record_failover_disable_flag": {
                "type": "string",
                "description_kind": "plain",
                "optional": true,
                "computed": true
              },
              "record_failover_failover_type": {
                "type": "string",
                "description_kind": "plain",
                "optional": true,
                "computed": true
              },
              "record_option": {
                "type": "string",
                "description_kind": "plain",
                "optional": true,
                "computed": true
              },
              "roundrobin": {
                "type": [
                  "map",
                  "string"
                ],
                "description_kind": "plain",
                "optional": true,
                "computed": true
              },
              "source_type": {
                "type": "string",
                "description_kind": "plain",
                "required": true
              },
              "ttl": {
                "type": "number",
                "description_kind": "plain",
                "optional": true,
                "computed": true
              },
              "type": {
                "type": "string",
                "description_kind": "plain",
                "optional": true,
                "computed": true
              }
            },
            "block_types": {
              "record_failover_values": {
                "nesting_mode": "set",
                "block": {
                  "attributes": {
                    "check_id": {
                      "type": "number",
                      "description_kind": "plain",
                      "optional": true,
                      "computed": true
                    },
                    "disable_flag": {
                      "type": "string",
                      "description_kind": "plain",
                      "optional": true,
                      "computed": true
                    },
                    "sort_order": {
                      "type": "string",
                      "description_kind": "plain",
                      "optional": true,
                      "computed": true
                    },
                    "value": {
                      "type": "string",
                      "description_kind": "plain",
                      "optional": true,
                      "computed": true
                    }
                  },
                  "description_kind": "plain"
                }
              },
              "roundrobin_failover": {
                "nesting_mode": "set",
                "block": {
                  "attributes": {
                    "disable_flag": {
                      "type": "string",
                      "description_kind": "plain",
                      "optional": true,
                      "computed": true
                    },
                    "sortorder": {
                      "type": "string",
                      "description_kind": "plain",
                      "optional": true,
                      "computed": true
                    },
                    "value": {
                      "type": "string",
                      "description_kind": "plain",
                      "optional": true,
                      "computed": true
                    }
                  },
                  "description_kind": "plain"
                }
              }
            },
            "description_kind": "plain"
          }
        },
        "constellix_aaaa_record_pool": {
          "version": 0,
          "block": {
            "attributes": {
              "disable_flag": {
                "type": "bool",
                "description_kind": "plain",
                "optional": true,
                "computed": true
              },
              "failed_flag": {
                "type": "bool",
                "description_kind": "plain",
                "optional": true,
                "computed": true
              },
              "id": {
                "type": "string",
                "description_kind": "plain",
                "optional": true,
                "computed": true
              },
              "min_available_failover": {
                "type": "number",
                "description_kind": "plain",
                "optional": true,
                "computed": true
              },
              "name": {
                "type": "string",
                "description_kind": "plain",
                "required": true
              },
              "note": {
                "type": "string",
                "description_kind": "plain",
                "optional": true,
                "computed": true
              },
              "num_return": {
                "type": "number",
                "description_kind": "plain",
                "optional": true,
                "computed": true
              }
            },
            "block_types": {
              "values": {
                "nesting_mode": "set",
                "block": {
                  "attributes": {
                    "check_id": {
                      "type": "number",
                      "description_kind": "plain",
                      "optional": true,
                      "computed": true
                    },
                    "disable_flag": {
                      "type": "bool",
                      "description_kind": "plain",
                      "optional": true,
                      "computed": true
                    },
                    "policy": {
                      "type": "string",
                      "description_kind": "plain",
                      "required": true
                    },
                    "value": {
                      "type": "string",
                      "description_kind": "plain",
                      "required": true
                    },
                    "weight": {
                      "type": "string",
                      "description_kind": "plain",
                      "required": true
                    }
                  },
                  "description_kind": "plain"
                }
              }
            },
            "description_kind": "plain"
          }
        },
        "constellix_aname_record": {
          "version": 0,
          "block": {
            "attributes": {
              "contact_ids": {
                "type": [
                  "list",
                  "number"
                ],
                "description_kind": "plain",
                "optional": true,
                "computed": true
              },
              "domain_id": {
                "type": "string",
                "description_kind": "plain",
                "required": true
              },
              "geo_location": {
                "type": [
                  "map",
                  "string"
                ],
                "description_kind": "plain",
                "optional": true,
                "computed": true
              },
              "gtd_region": {
                "type": "number",
                "description_kind": "plain",
                "optional": true,
                "computed": true
              },
              "id": {
                "type": "string",
                "description_kind": "plain",
                "optional": true,
                "computed": true
              },
              "name": {
                "type": "string",
                "description_kind": "plain",
                "required": true
              },
              "noanswer": {
                "type": "bool",
                "description_kind": "plain",
                "optional": true,
                "computed": true
              },
              "note": {
                "type": "string",
                "description_kind": "plain",
                "optional": true,
                "computed": true
              },
              "record_failover_disable_flag": {
                "type": "string",
                "description_kind": "plain",
                "optional": true,
                "computed": true
              },
              "record_failover_failover_type": {
                "type": "number",
                "description_kind": "plain",
                "optional": true,
                "computed": true
              },
              "record_option": {
                "type": "string",
                "description_kind": "plain",
                "optional": true,
                "computed": true
              },
              "skip_lookup": {
                "type": "bool",
                "description_kind": "plain",
                "optional": true,
                "computed": true
              },
              "source_type": {
                "type": "string",
                "description_kind": "plain",
                "required": true
              },
              "ttl": {
                "type": "number",
                "description_kind": "plain",
                "optional": true,
                "computed": true
              },
              "type": {
                "type": "string",
                "description_kind": "plain",
                "optional": true,
                "computed": true
              }
            },
            "block_types": {
              "record_failover_values": {
                "nesting_mode": "set",
                "block": {
                  "attributes": {
                    "disable_flag": {
                      "type": "string",
                      "description_kind": "plain",
                      "optional": true,
                      "computed": true
                    },
                    "sort_order": {
                      "type": "string",
                      "description_kind": "plain",
                      "optional": true,
                      "computed": true
                    },
                    "value": {
                      "type": "string",
                      "description_kind": "plain",
                      "optional": true,
                      "computed": true
                    }
                  },
                  "description_kind": "plain"
                }
              },
              "roundrobin": {
                "nesting_mode": "set",
                "block": {
                  "attributes": {
                    "disable_flag": {
                      "type": "bool",
                      "description_kind": "plain",
                      "optional": true,
                      "computed": true
                    },
                    "value": {
                      "type": "string",
                      "description_kind": "plain",
                      "optional": true,
                      "computed": true
                    }
                  },
                  "description_kind": "plain"
                }
              }
            },
            "description_kind": "plain"
          }
        },
        "constellix_caa_record": {
          "version": 0,
          "block": {
            "attributes": {
              "domain_id": {
                "type": "string",
                "description_kind": "plain",
                "required": true
              },
              "gtd_region": {
                "type": "number",
                "description_kind": "plain",
                "optional": true,
                "computed": true
              },
              "id": {
                "type": "string",
                "description_kind": "plain",
                "optional": true,
                "computed": true
              },
              "name": {
                "type": "string",
                "description_kind": "plain",
                "required": true
              },
              "noanswer": {
                "type": "bool",
                "description_kind": "plain",
                "optional": true,
                "computed": true
              },
              "note": {
                "type": "string",
                "description_kind": "plain",
                "optional": true,
                "computed": true
              },
              "source_type": {
                "type": "string",
                "description_kind": "plain",
                "required": true
              },
              "ttl": {
                "type": "number",
                "description_kind": "plain",
                "optional": true,
                "computed": true
              },
              "type": {
                "type": "string",
                "description_kind": "plain",
                "optional": true,
                "computed": true
              }
            },
            "block_types": {
              "roundrobin": {
                "nesting_mode": "set",
                "block": {
                  "attributes": {
                    "caa_provider_id": {
                      "type": "number",
                      "description_kind": "plain",
                      "required": true
                    },
                    "data": {
                      "type": "string",
                      "description_kind": "plain",
                      "required": true
                    },
                    "disable_flag": {
                      "type": "string",
                      "description_kind": "plain",
                      "required": true
                    },
                    "flag": {
                      "type": "string",
                      "description_kind": "plain",
                      "required": true
                    },
                    "tag": {
                      "type": "string",
                      "description_kind": "plain",
                      "required": true
                    }
                  },
                  "description_kind": "plain"
                }
              }
            },
            "description_kind": "plain"
          }
        },
        "constellix_cert_record": {
          "version": 0,
          "block": {
            "attributes": {
              "domain_id": {
                "type": "string",
                "description_kind": "plain",
                "required": true
              },
              "gtd_region": {
                "type": "number",
                "description_kind": "plain",
                "optional": true,
                "computed": true
              },
              "id": {
                "type": "string",
                "description_kind": "plain",
                "optional": true,
                "computed": true
              },
              "name": {
                "type": "string",
                "description_kind": "plain",
                "required": true
              },
              "noanswer": {
                "type": "bool",
                "description_kind": "plain",
                "optional": true,
                "computed": true
              },
              "note": {
                "type": "string",
                "description_kind": "plain",
                "optional": true,
                "computed": true
              },
              "parent": {
                "type": "string",
                "description_kind": "plain",
                "optional": true,
                "computed": true
              },
              "parentid": {
                "type": "number",
                "description_kind": "plain",
                "optional": true,
                "computed": true
              },
              "source": {
                "type": "string",
                "description_kind": "plain",
                "optional": true,
                "computed": true
              },
              "source_type": {
                "type": "string",
                "description_kind": "plain",
                "required": true
              },
              "ttl": {
                "type": "number",
                "description_kind": "plain",
                "optional": true,
                "computed": true
              },
              "type": {
                "type": "string",
                "description_kind": "plain",
                "optional": true,
                "computed": true
              }
            },
            "block_types": {
              "roundrobin": {
                "nesting_mode": "set",
                "block": {
                  "attributes": {
                    "algorithm": {
                      "type": "number",
                      "description_kind": "plain",
                      "required": true
                    },
                    "certificate": {
                      "type": "string",
                      "description_kind": "plain",
                      "required": true
                    },
                    "certificate_type": {
                      "type": "number",
                      "description_kind": "plain",
                      "required": true
                    },
                    "disable_flag": {
                      "type": "bool",
                      "description_kind": "plain",
                      "optional": true,
                      "computed": true
                    },
                    "keytag": {
                      "type": "number",
                      "description_kind": "plain",
                      "required": true
                    }
                  },
                  "description_kind": "plain"
                }
              }
            },
            "description_kind": "plain"
          }
        },
        "constellix_cname_record": {
          "version": 0,
          "block": {
            "attributes": {
              "contact_ids": {
                "type": [
                  "list",
                  "number"
                ],
                "description_kind": "plain",
                "optional": true,
                "computed": true
              },
              "domain_id": {
                "type": "string",
                "description_kind": "plain",
                "required": true
              },
              "geo_location": {
                "type": [
                  "map",
                  "string"
                ],
                "description_kind": "plain",
                "optional": true,
                "computed": true
              },
              "gtd_region": {
                "type": "number",
                "description_kind": "plain",
                "optional": true,
                "computed": true
              },
              "host": {
                "type": "string",
                "description_kind": "plain",
                "optional": true,
                "computed": true
              },
              "id": {
                "type": "string",
                "description_kind": "plain",
                "optional": true,
                "computed": true
              },
              "name": {
                "type": "string",
                "description_kind": "plain",
                "required": true
              },
              "noanswer": {
                "type": "bool",
                "description_kind": "plain",
                "optional": true,
                "computed": true
              },
              "note": {
                "type": "string",
                "description_kind": "plain",
                "optional": true,
                "computed": true
              },
              "pools": {
                "type": [
                  "list",
                  "number"
                ],
                "description_kind": "plain",
                "optional": true,
                "computed": true
              },
              "record_failover_disable_flag": {
                "type": "string",
                "description_kind": "plain",
                "optional": true,
                "computed": true
              },
              "record_failover_failover_type": {
                "type": "string",
                "description_kind": "plain",
                "optional": true,
                "computed": true
              },
              "record_option": {
                "type": "string",
                "description_kind": "plain",
                "optional": true,
                "computed": true
              },
              "source_type": {
                "type": "string",
                "description_kind": "plain",
                "required": true
              },
              "ttl": {
                "type": "number",
                "description_kind": "plain",
                "optional": true,
                "computed": true
              },
              "type": {
                "type": "string",
                "description_kind": "plain",
                "optional": true,
                "computed": true
              }
            },
            "block_types": {
              "record_failover_values": {
                "nesting_mode": "set",
                "block": {
                  "attributes": {
                    "check_id": {
                      "type": "number",
                      "description_kind": "plain",
                      "optional": true,
                      "computed": true
                    },
                    "disable_flag": {
                      "type": "string",
                      "description_kind": "plain",
                      "optional": true,
                      "computed": true
                    },
                    "sort_order": {
                      "type": "string",
                      "description_kind": "plain",
                      "optional": true,
                      "computed": true
                    },
                    "value": {
                      "type": "string",
                      "description_kind": "plain",
                      "optional": true,
                      "computed": true
                    }
                  },
                  "description_kind": "plain"
                }
              }
            },
            "description_kind": "plain"
          }
        },
        "constellix_cname_record_pool": {
          "version": 0,
          "block": {
            "attributes": {
              "disableflag1": {
                "type": "bool",
                "description_kind": "plain",
                "optional": true,
                "computed": true
              },
              "failed_flag": {
                "type": "bool",
                "description_kind": "plain",
                "optional": true,
                "computed": true
              },
              "id": {
                "type": "string",
                "description_kind": "plain",
                "optional": true,
                "computed": true
              },
              "min_available_failover": {
                "type": "number",
                "description_kind": "plain",
                "optional": true,
                "computed": true
              },
              "name": {
                "type": "string",
                "description_kind": "plain",
                "required": true
              },
              "note": {
                "type": "string",
                "description_kind": "plain",
                "optional": true,
                "computed": true
              },
              "num_return": {
                "type": "number",
                "description_kind": "plain",
                "optional": true,
                "computed": true
              },
              "version": {
                "type": "number",
                "description_kind": "plain",
                "optional": true,
                "computed": true
              }
            },
            "block_types": {
              "values": {
                "nesting_mode": "set",
                "block": {
                  "attributes": {
                    "check_id": {
                      "type": "number",
                      "description_kind": "plain",
                      "optional": true,
                      "computed": true
                    },
                    "disable_flag": {
                      "type": "bool",
                      "description_kind": "plain",
                      "optional": true,
                      "computed": true
                    },
                    "policy": {
                      "type": "string",
                      "description_kind": "plain",
                      "required": true
                    },
                    "value": {
                      "type": "string",
                      "description_kind": "plain",
                      "required": true
                    },
                    "weight": {
                      "type": "number",
                      "description_kind": "plain",
                      "required": true
                    }
                  },
                  "description_kind": "plain"
                }
              }
            },
            "description_kind": "plain"
          }
        },
        "constellix_contact_lists": {
          "version": 0,
          "block": {
            "attributes": {
              "email_addresses": {
                "type": [
                  "list",
                  "string"
                ],
                "description_kind": "plain",
                "optional": true,
                "computed": true
              },
              "id": {
                "type": "string",
                "description_kind": "plain",
                "optional": true,
                "computed": true
              },
              "name": {
                "type": "string",
                "description_kind": "plain",
                "required": true
              }
            },
            "description_kind": "plain"
          }
        },
        "constellix_dns_check": {
          "version": 0,
          "block": {
            "attributes": {
              "check_sites": {
                "type": [
                  "list",
                  "number"
                ],
                "description_kind": "plain",
                "optional": true,
                "computed": true
              },
              "expected_response": {
                "type": "string",
                "description_kind": "plain",
                "optional": true,
                "computed": true
              },
              "fqdn": {
                "type": "string",
                "description_kind": "plain",
                "optional": true,
                "computed": true
              },
              "id": {
                "type": "string",
                "description_kind": "plain",
                "optional": true,
                "computed": true
              },
              "interval": {
                "type": "string",
                "description_kind": "plain",
                "optional": true,
                "computed": true
              },
              "interval_policy": {
                "type": "string",
                "description_kind": "plain",
                "optional": true,
                "computed": true
              },
              "name": {
                "type": "string",
                "description_kind": "plain",
                "required": true
              },
              "notification_groups": {
                "type": [
                  "list",
                  "number"
                ],
                "description_kind": "plain",
                "optional": true,
                "computed": true
              },
              "notification_report_timeout": {
                "type": "number",
                "description_kind": "plain",
                "optional": true,
                "computed": true
              },
              "resolver": {
                "type": "string",
                "description_kind": "plain",
                "optional": true,
                "computed": true
              },
              "verification_policy": {
                "type": "string",
                "description_kind": "plain",
                "optional": true,
                "computed": true
              }
            },
            "description_kind": "plain"
          }
        },
        "constellix_domain": {
          "version": 1,
          "block": {
            "attributes": {
              "has_geoip": {
                "type": "bool",
                "description_kind": "plain",
                "optional": true,
                "computed": true
              },
              "has_gtd_regions": {
                "type": "bool",
                "description_kind": "plain",
                "optional": true,
                "computed": true
              },
              "id": {
                "type": "string",
                "description_kind": "plain",
                "optional": true,
                "computed": true
              },
              "name": {
                "type": "string",
                "description_kind": "plain",
                "required": true
              },
              "nameserver_group": {
                "type": "string",
                "description_kind": "plain",
                "optional": true,
                "computed": true
              },
              "note": {
                "type": "string",
                "description_kind": "plain",
                "optional": true,
                "computed": true
              },
              "soa": {
                "type": [
                  "map",
                  "string"
                ],
                "description_kind": "plain",
                "optional": true,
                "computed": true
              },
              "tags": {
                "type": [
                  "list",
                  "string"
                ],
                "description_kind": "plain",
                "optional": true
              },
              "vanity_nameserver": {
                "type": "string",
                "description_kind": "plain",
                "optional": true,
                "computed": true
              }
            },
            "description_kind": "plain"
          }
        },
        "constellix_geo_filter": {
          "version": 0,
          "block": {
            "attributes": {
              "asn": {
                "type": [
                  "list",
                  "number"
                ],
                "description_kind": "plain",
                "optional": true,
                "computed": true
              },
              "filterruleslimit": {
                "type": "number",
                "description_kind": "plain",
                "optional": true,
                "computed": true
              },
              "geoipcontinents": {
                "type": [
                  "list",
                  "string"
                ],
                "description_kind": "plain",
                "optional": true,
                "computed": true
              },
              "geoipcountries": {
                "type": [
                  "list",
                  "string"
                ],
                "description_kind": "plain",
                "optional": true,
                "computed": true
              },
              "geoipregions": {
                "type": [
                  "list",
                  "string"
                ],
                "description_kind": "plain",
                "optional": true,
                "computed": true
              },
              "id": {
                "type": "string",
                "description_kind": "plain",
                "optional": true,
                "computed": true
              },
              "ipv4": {
                "type": [
                  "list",
                  "string"
                ],
                "description_kind": "plain",
                "optional": true,
                "computed": true
              },
              "ipv6": {
                "type": [
                  "list",
                  "string"
                ],
                "description_kind": "plain",
                "optional": true,
                "computed": true
              },
              "name": {
                "type": "string",
                "description_kind": "plain",
                "required": true
              },
              "regions": {
                "type": [
                  "map",
                  "string"
                ],
                "description_kind": "plain",
                "optional": true,
                "computed": true
              }
            },
            "description_kind": "plain"
          }
        },
        "constellix_geo_proximity": {
          "version": 0,
          "block": {
            "attributes": {
              "city": {
                "type": "number",
                "description_kind": "plain",
                "optional": true,
                "computed": true
              },
              "country": {
                "type": "string",
                "description_kind": "plain",
                "optional": true,
                "computed": true
              },
              "id": {
                "type": "string",
                "description_kind": "plain",
                "optional": true,
                "computed": true
              },
              "latitude": {
                "type": "number",
                "description_kind": "plain",
                "optional": true,
                "computed": true
              },
              "longitude": {
                "type": "number",
                "description_kind": "plain",
                "optional": true,
                "computed": true
              },
              "name": {
                "type": "string",
                "description_kind": "plain",
                "required": true
              },
              "region": {
                "type": "string",
                "description_kind": "plain",
                "optional": true,
                "computed": true
              }
            },
            "description_kind": "plain"
          }
        },
        "constellix_hinfo_record": {
          "version": 0,
          "block": {
            "attributes": {
              "domain_id": {
                "type": "string",
                "description_kind": "plain",
                "required": true
              },
              "gtd_region": {
                "type": "number",
                "description_kind": "plain",
                "optional": true,
                "computed": true
              },
              "id": {
                "type": "string",
                "description_kind": "plain",
                "optional": true,
                "computed": true
              },
              "name": {
                "type": "string",
                "description_kind": "plain",
                "required": true
              },
              "noanswer": {
                "type": "bool",
                "description_kind": "plain",
                "optional": true,
                "computed": true
              },
              "note": {
                "type": "string",
                "description_kind": "plain",
                "optional": true,
                "computed": true
              },
              "source_type": {
                "type": "string",
                "description_kind": "plain",
                "required": true
              },
              "ttl": {
                "type": "number",
                "description_kind": "plain",
                "optional": true,
                "computed": true
              },
              "type": {
                "type": "string",
                "description_kind": "plain",
                "optional": true,
                "computed": true
              }
            },
            "block_types": {
              "roundrobin": {
                "nesting_mode": "set",
                "block": {
                  "attributes": {
                    "cpu": {
                      "type": "string",
                      "description_kind": "plain",
                      "required": true
                    },
                    "disable_flag": {
                      "type": "string",
                      "description_kind": "plain",
                      "optional": true,
                      "computed": true
                    },
                    "os": {
                      "type": "string",
                      "description_kind": "plain",
                      "required": true
                    }
                  },
                  "description_kind": "plain"
                }
              }
            },
            "description_kind": "plain"
          }
        },
        "constellix_http_check": {
          "version": 0,
          "block": {
            "attributes": {
              "check_sites": {
                "type": [
                  "list",
                  "number"
                ],
                "description_kind": "plain",
                "optional": true,
                "computed": true
              },
              "expected_status_code": {
                "type": "number",
                "description_kind": "plain",
                "optional": true,
                "computed": true
              },
              "fqdn": {
                "type": "string",
                "description_kind": "plain",
                "optional": true,
                "computed": true
              },
              "host": {
                "type": "string",
                "description_kind": "plain",
                "optional": true,
                "computed": true
              },
              "id": {
                "type": "string",
                "description_kind": "plain",
                "optional": true,
                "computed": true
              },
              "interval": {
                "type": "string",
                "description_kind": "plain",
                "optional": true,
                "computed": true
              },
              "interval_policy": {
                "type": "string",
                "description_kind": "plain",
                "optional": true,
                "computed": true
              },
              "ip_version": {
                "type": "string",
                "description_kind": "plain",
                "optional": true,
                "computed": true
              },
              "name": {
                "type": "string",
                "description_kind": "plain",
                "required": true
              },
              "notification_groups": {
                "type": [
                  "list",
                  "number"
                ],
                "description_kind": "plain",
                "optional": true,
                "computed": true
              },
              "notification_report_timeout": {
                "type": "number",
                "description_kind": "plain",
                "optional": true,
                "computed": true
              },
              "path": {
                "type": "string",
                "description_kind": "plain",
                "optional": true,
                "computed": true
              },
              "port": {
                "type": "number",
                "description_kind": "plain",
                "optional": true,
                "computed": true
              },
              "protocol_type": {
                "type": "string",
                "description_kind": "plain",
                "optional": true,
                "computed": true
              },
              "search_string": {
                "type": "string",
                "description_kind": "plain",
                "optional": true,
                "computed": true
              },
              "verification_policy": {
                "type": "string",
                "description_kind": "plain",
                "optional": true,
                "computed": true
              }
            },
            "description_kind": "plain"
          }
        },
        "constellix_http_redirection_record": {
          "version": 0,
          "block": {
            "attributes": {
              "description": {
                "type": "string",
                "description_kind": "plain",
                "optional": true,
                "computed": true
              },
              "domain_id": {
                "type": "string",
                "description_kind": "plain",
                "required": true
              },
              "gtd_region": {
                "type": "number",
                "description_kind": "plain",
                "optional": true,
                "computed": true
              },
              "hardlink_flag": {
                "type": "bool",
                "description_kind": "plain",
                "optional": true,
                "computed": true
              },
              "id": {
                "type": "string",
                "description_kind": "plain",
                "optional": true,
                "computed": true
              },
              "keywords": {
                "type": "string",
                "description_kind": "plain",
                "optional": true,
                "computed": true
              },
              "name": {
                "type": "string",
                "description_kind": "plain",
                "required": true
              },
              "noanswer": {
                "type": "bool",
                "description_kind": "plain",
                "optional": true,
                "computed": true
              },
              "note": {
                "type": "string",
                "description_kind": "plain",
                "optional": true,
                "computed": true
              },
              "parent": {
                "type": "string",
                "description_kind": "plain",
                "optional": true,
                "computed": true
              },
              "parentid": {
                "type": "number",
                "description_kind": "plain",
                "optional": true,
                "computed": true
              },
              "redirect_type_id": {
                "type": "number",
                "description_kind": "plain",
                "optional": true,
                "computed": true
              },
              "source": {
                "type": "string",
                "description_kind": "plain",
                "optional": true,
                "computed": true
              },
              "source_type": {
                "type": "string",
                "description_kind": "plain",
                "required": true
              },
              "title": {
                "type": "string",
                "description_kind": "plain",
                "optional": true,
                "computed": true
              },
              "ttl": {
                "type": "number",
                "description_kind": "plain",
                "optional": true,
                "computed": true
              },
              "type": {
                "type": "string",
                "description_kind": "plain",
                "optional": true,
                "computed": true
              },
              "url": {
                "type": "string",
                "description_kind": "plain",
                "optional": true,
                "computed": true
              }
            },
            "description_kind": "plain"
          }
        },
        "constellix_mx_record": {
          "version": 0,
          "block": {
            "attributes": {
              "domain_id": {
                "type": "string",
                "description_kind": "plain",
                "required": true
              },
              "gtd_region": {
                "type": "number",
                "description_kind": "plain",
                "optional": true,
                "computed": true
              },
              "id": {
                "type": "string",
                "description_kind": "plain",
                "optional": true,
                "computed": true
              },
              "name": {
                "type": "string",
                "description_kind": "plain",
                "required": true
              },
              "noanswer": {
                "type": "bool",
                "description_kind": "plain",
                "optional": true,
                "computed": true
              },
              "note": {
                "type": "string",
                "description_kind": "plain",
                "optional": true,
                "computed": true
              },
              "source_type": {
                "type": "string",
                "description_kind": "plain",
                "required": true
              },
              "ttl": {
                "type": "number",
                "description_kind": "plain",
                "optional": true,
                "computed": true
              },
              "type": {
                "type": "string",
                "description_kind": "plain",
                "optional": true,
                "computed": true
              }
            },
            "block_types": {
              "roundrobin": {
                "nesting_mode": "set",
                "block": {
                  "attributes": {
                    "disable_flag": {
                      "type": "string",
                      "description_kind": "plain",
                      "optional": true,
                      "computed": true
                    },
                    "level": {
                      "type": "string",
                      "description_kind": "plain",
                      "required": true
                    },
                    "value": {
                      "type": "string",
                      "description_kind": "plain",
                      "required": true
                    }
                  },
                  "description_kind": "plain"
                }
              }
            },
            "description_kind": "plain"
          }
        },
        "constellix_naptr_record": {
          "version": 0,
          "block": {
            "attributes": {
              "domain_id": {
                "type": "string",
                "description_kind": "plain",
                "required": true
              },
              "gtd_region": {
                "type": "number",
                "description_kind": "plain",
                "optional": true,
                "computed": true
              },
              "id": {
                "type": "string",
                "description_kind": "plain",
                "optional": true,
                "computed": true
              },
              "name": {
                "type": "string",
                "description_kind": "plain",
                "required": true
              },
              "noanswer": {
                "type": "bool",
                "description_kind": "plain",
                "optional": true,
                "computed": true
              },
              "note": {
                "type": "string",
                "description_kind": "plain",
                "optional": true,
                "computed": true
              },
              "parent": {
                "type": "string",
                "description_kind": "plain",
                "optional": true,
                "computed": true
              },
              "parentid": {
                "type": "number",
                "description_kind": "plain",
                "optional": true,
                "computed": true
              },
              "source": {
                "type": "string",
                "description_kind": "plain",
                "optional": true,
                "computed": true
              },
              "source_type": {
                "type": "string",
                "description_kind": "plain",
                "required": true
              },
              "ttl": {
                "type": "number",
                "description_kind": "plain",
                "optional": true,
                "computed": true
              },
              "type": {
                "type": "string",
                "description_kind": "plain",
                "optional": true,
                "computed": true
              }
            },
            "block_types": {
              "roundrobin": {
                "nesting_mode": "set",
                "block": {
                  "attributes": {
                    "disable_flag": {
                      "type": "bool",
                      "description_kind": "plain",
                      "optional": true,
                      "computed": true
                    },
                    "flags": {
                      "type": "string",
                      "description_kind": "plain",
                      "required": true
                    },
                    "order": {
                      "type": "string",
                      "description_kind": "plain",
                      "required": true
                    },
                    "preference": {
                      "type": "string",
                      "description_kind": "plain",
                      "required": true
                    },
                    "regular_expression": {
                      "type": "string",
                      "description_kind": "plain",
                      "required": true
                    },
                    "replacement": {
                      "type": "string",
                      "description_kind": "plain",
                      "required": true
                    },
                    "service": {
                      "type": "string",
                      "description_kind": "plain",
                      "required": true
                    }
                  },
                  "description_kind": "plain"
                }
              }
            },
            "description_kind": "plain"
          }
        },
        "constellix_ns_record": {
          "version": 0,
          "block": {
            "attributes": {
              "domain_id": {
                "type": "string",
                "description_kind": "plain",
                "required": true
              },
              "gtd_region": {
                "type": "number",
                "description_kind": "plain",
                "optional": true,
                "computed": true
              },
              "id": {
                "type": "string",
                "description_kind": "plain",
                "optional": true,
                "computed": true
              },
              "name": {
                "type": "string",
                "description_kind": "plain",
                "required": true
              },
              "noanswer": {
                "type": "bool",
                "description_kind": "plain",
                "optional": true,
                "computed": true
              },
              "note": {
                "type": "string",
                "description_kind": "plain",
                "optional": true,
                "computed": true
              },
              "parent": {
                "type": "string",
                "description_kind": "plain",
                "optional": true,
                "computed": true
              },
              "parentid": {
                "type": "number",
                "description_kind": "plain",
                "optional": true,
                "computed": true
              },
              "source": {
                "type": "string",
                "description_kind": "plain",
                "optional": true,
                "computed": true
              },
              "source_type": {
                "type": "string",
                "description_kind": "plain",
                "required": true
              },
              "ttl": {
                "type": "number",
                "description_kind": "plain",
                "optional": true,
                "computed": true
              },
              "type": {
                "type": "string",
                "description_kind": "plain",
                "optional": true,
                "computed": true
              }
            },
            "block_types": {
              "roundrobin": {
                "nesting_mode": "set",
                "block": {
                  "attributes": {
                    "disable_flag": {
                      "type": "bool",
                      "description_kind": "plain",
                      "optional": true
                    },
                    "value": {
                      "type": "string",
                      "description_kind": "plain",
                      "required": true
                    }
                  },
                  "description_kind": "plain"
                }
              }
            },
            "description_kind": "plain"
          }
        },
        "constellix_ptr_record": {
          "version": 0,
          "block": {
            "attributes": {
              "domain_id": {
                "type": "string",
                "description_kind": "plain",
                "required": true
              },
              "gtd_region": {
                "type": "number",
                "description_kind": "plain",
                "optional": true,
                "computed": true
              },
              "id": {
                "type": "string",
                "description_kind": "plain",
                "optional": true,
                "computed": true
              },
              "name": {
                "type": "string",
                "description_kind": "plain",
                "required": true
              },
              "noanswer": {
                "type": "bool",
                "description_kind": "plain",
                "optional": true,
                "computed": true
              },
              "note": {
                "type": "string",
                "description_kind": "plain",
                "optional": true,
                "computed": true
              },
              "parent": {
                "type": "string",
                "description_kind": "plain",
                "optional": true,
                "computed": true
              },
              "parentid": {
                "type": "number",
                "description_kind": "plain",
                "optional": true,
                "computed": true
              },
              "source": {
                "type": "string",
                "description_kind": "plain",
                "optional": true,
                "computed": true
              },
              "source_type": {
                "type": "string",
                "description_kind": "plain",
                "required": true
              },
              "ttl": {
                "type": "number",
                "description_kind": "plain",
                "optional": true,
                "computed": true
              },
              "type": {
                "type": "string",
                "description_kind": "plain",
                "optional": true,
                "computed": true
              }
            },
            "block_types": {
              "roundrobin": {
                "nesting_mode": "set",
                "block": {
                  "attributes": {
                    "disable_flag": {
                      "type": "bool",
                      "description_kind": "plain",
                      "optional": true,
                      "computed": true
                    },
                    "value": {
                      "type": "number",
                      "description_kind": "plain",
                      "required": true
                    }
                  },
                  "description_kind": "plain"
                }
              }
            },
            "description_kind": "plain"
          }
        },
        "constellix_rp_record": {
          "version": 0,
          "block": {
            "attributes": {
              "domain_id": {
                "type": "string",
                "description_kind": "plain",
                "required": true
              },
              "gtd_region": {
                "type": "number",
                "description_kind": "plain",
                "optional": true,
                "computed": true
              },
              "id": {
                "type": "string",
                "description_kind": "plain",
                "optional": true,
                "computed": true
              },
              "name": {
                "type": "string",
                "description_kind": "plain",
                "required": true
              },
              "noanswer": {
                "type": "bool",
                "description_kind": "plain",
                "optional": true,
                "computed": true
              },
              "note": {
                "type": "string",
                "description_kind": "plain",
                "optional": true,
                "computed": true
              },
              "parent": {
                "type": "string",
                "description_kind": "plain",
                "optional": true,
                "computed": true
              },
              "parentid": {
                "type": "number",
                "description_kind": "plain",
                "optional": true,
                "computed": true
              },
              "source": {
                "type": "string",
                "description_kind": "plain",
                "optional": true,
                "computed": true
              },
              "source_type": {
                "type": "string",
                "description_kind": "plain",
                "required": true
              },
              "ttl": {
                "type": "number",
                "description_kind": "plain",
                "optional": true,
                "computed": true
              },
              "type": {
                "type": "string",
                "description_kind": "plain",
                "optional": true,
                "computed": true
              }
            },
            "block_types": {
              "roundrobin": {
                "nesting_mode": "set",
                "block": {
                  "attributes": {
                    "disable_flag": {
                      "type": "bool",
                      "description_kind": "plain",
                      "optional": true,
                      "computed": true
                    },
                    "mailbox": {
                      "type": "string",
                      "description_kind": "plain",
                      "required": true
                    },
                    "txt": {
                      "type": "string",
                      "description_kind": "plain",
                      "required": true
                    }
                  },
                  "description_kind": "plain"
                }
              }
            },
            "description_kind": "plain"
          }
        },
        "constellix_spf_record": {
          "version": 0,
          "block": {
            "attributes": {
              "domain_id": {
                "type": "string",
                "description_kind": "plain",
                "required": true
              },
              "gtd_region": {
                "type": "number",
                "description_kind": "plain",
                "optional": true,
                "computed": true
              },
              "id": {
                "type": "string",
                "description_kind": "plain",
                "optional": true,
                "computed": true
              },
              "name": {
                "type": "string",
                "description_kind": "plain",
                "required": true
              },
              "noanswer": {
                "type": "bool",
                "description_kind": "plain",
                "optional": true,
                "computed": true
              },
              "note": {
                "type": "string",
                "description_kind": "plain",
                "optional": true,
                "computed": true
              },
              "source_type": {
                "type": "string",
                "description_kind": "plain",
                "required": true
              },
              "ttl": {
                "type": "number",
                "description_kind": "plain",
                "optional": true,
                "computed": true
              },
              "type": {
                "type": "string",
                "description_kind": "plain",
                "optional": true,
                "computed": true
              }
            },
            "block_types": {
              "roundrobin": {
                "nesting_mode": "set",
                "block": {
                  "attributes": {
                    "disable_flag": {
                      "type": "string",
                      "description_kind": "plain",
                      "optional": true,
                      "computed": true
                    },
                    "value": {
                      "type": "string",
                      "description_kind": "plain",
                      "required": true
                    }
                  },
                  "description_kind": "plain"
                }
              }
            },
            "description_kind": "plain"
          }
        },
        "constellix_srv_record": {
          "version": 0,
          "block": {
            "attributes": {
              "domain_id": {
                "type": "string",
                "description_kind": "plain",
                "required": true
              },
              "gtd_region": {
                "type": "number",
                "description_kind": "plain",
                "optional": true,
                "computed": true
              },
              "id": {
                "type": "string",
                "description_kind": "plain",
                "optional": true,
                "computed": true
              },
              "name": {
                "type": "string",
                "description_kind": "plain",
                "required": true
              },
              "noanswer": {
                "type": "bool",
                "description_kind": "plain",
                "optional": true,
                "computed": true
              },
              "note": {
                "type": "string",
                "description_kind": "plain",
                "optional": true,
                "computed": true
              },
              "source_type": {
                "type": "string",
                "description_kind": "plain",
                "required": true
              },
              "ttl": {
                "type": "number",
                "description_kind": "plain",
                "optional": true,
                "computed": true
              },
              "type": {
                "type": "string",
                "description_kind": "plain",
                "optional": true,
                "computed": true
              }
            },
            "block_types": {
              "roundrobin": {
                "nesting_mode": "set",
                "block": {
                  "attributes": {
                    "disable_flag": {
                      "type": "bool",
                      "description_kind": "plain",
                      "optional": true,
                      "computed": true
                    },
                    "port": {
                      "type": "number",
                      "description_kind": "plain",
                      "optional": true,
                      "computed": true
                    },
                    "priority": {
                      "type": "number",
                      "description_kind": "plain",
                      "optional": true,
                      "computed": true
                    },
                    "value": {
                      "type": "string",
                      "description_kind": "plain",
                      "optional": true,
                      "computed": true
                    },
                    "weight": {
                      "type": "number",
                      "description_kind": "plain",
                      "optional": true,
                      "computed": true
                    }
                  },
                  "description_kind": "plain"
                }
              }
            },
            "description_kind": "plain"
          }
        },
        "constellix_tags": {
          "version": 0,
          "block": {
            "attributes": {
              "id": {
                "type": "string",
                "description_kind": "plain",
                "optional": true,
                "computed": true
              },
              "name": {
                "type": "string",
                "description_kind": "plain",
                "required": true
              }
            },
            "description_kind": "plain"
          }
        },
        "constellix_tcp_check": {
          "version": 0,
          "block": {
            "attributes": {
              "check_sites": {
                "type": [
                  "list",
                  "number"
                ],
                "description_kind": "plain",
                "optional": true,
                "computed": true
              },
              "host": {
                "type": "string",
                "description_kind": "plain",
                "optional": true,
                "computed": true
              },
              "id": {
                "type": "string",
                "description_kind": "plain",
                "optional": true,
                "computed": true
              },
              "interval": {
                "type": "string",
                "description_kind": "plain",
                "optional": true,
                "computed": true
              },
              "interval_policy": {
                "type": "string",
                "description_kind": "plain",
                "optional": true,
                "computed": true
              },
              "ip_version": {
                "type": "string",
                "description_kind": "plain",
                "optional": true,
                "computed": true
              },
              "name": {
                "type": "string",
                "description_kind": "plain",
                "required": true
              },
              "notification_groups": {
                "type": [
                  "list",
                  "number"
                ],
                "description_kind": "plain",
                "optional": true,
                "computed": true
              },
              "notification_report_timeout": {
                "type": "number",
                "description_kind": "plain",
                "optional": true,
                "computed": true
              },
              "port": {
                "type": "number",
                "description_kind": "plain",
                "optional": true,
                "computed": true
              },
              "string_to_receive": {
                "type": "string",
                "description_kind": "plain",
                "optional": true,
                "computed": true
              },
              "string_to_send": {
                "type": "string",
                "description_kind": "plain",
                "optional": true,
                "computed": true
              },
              "verification_policy": {
                "type": "string",
                "description_kind": "plain",
                "optional": true,
                "computed": true
              }
            },
            "description_kind": "plain"
          }
        },
        "constellix_template": {
          "version": 0,
          "block": {
            "attributes": {
              "domain": {
                "type": "number",
                "description_kind": "plain",
                "optional": true,
                "computed": true
              },
              "has_geoip": {
                "type": "bool",
                "description_kind": "plain",
                "optional": true,
                "computed": true
              },
              "has_gtd_regions": {
                "type": "bool",
                "description_kind": "plain",
                "optional": true,
                "computed": true
              },
              "id": {
                "type": "string",
                "description_kind": "plain",
                "optional": true,
                "computed": true
              },
              "name": {
                "type": "string",
                "description_kind": "plain",
                "required": true
              },
              "version": {
                "type": "number",
                "description_kind": "plain",
                "optional": true,
                "computed": true
              }
            },
            "description_kind": "plain"
          }
        },
        "constellix_txt_record": {
          "version": 0,
          "block": {
            "attributes": {
              "domain_id": {
                "type": "string",
                "description_kind": "plain",
                "required": true
              },
              "gtd_region": {
                "type": "number",
                "description_kind": "plain",
                "optional": true,
                "computed": true
              },
              "id": {
                "type": "string",
                "description_kind": "plain",
                "optional": true,
                "computed": true
              },
              "name": {
                "type": "string",
                "description_kind": "plain",
                "required": true
              },
              "noanswer": {
                "type": "bool",
                "description_kind": "plain",
                "optional": true,
                "computed": true
              },
              "note": {
                "type": "string",
                "description_kind": "plain",
                "optional": true,
                "computed": true
              },
              "parent": {
                "type": "string",
                "description_kind": "plain",
                "optional": true,
                "computed": true
              },
              "parentid": {
                "type": "number",
                "description_kind": "plain",
                "optional": true,
                "computed": true
              },
              "source": {
                "type": "string",
                "description_kind": "plain",
                "optional": true,
                "computed": true
              },
              "source_type": {
                "type": "string",
                "description_kind": "plain",
                "required": true
              },
              "ttl": {
                "type": "number",
                "description_kind": "plain",
                "optional": true,
                "computed": true
              },
              "type": {
                "type": "string",
                "description_kind": "plain",
                "optional": true,
                "computed": true
              }
            },
            "block_types": {
              "roundrobin": {
                "nesting_mode": "set",
                "block": {
                  "attributes": {
                    "disable_flag": {
                      "type": "bool",
                      "description_kind": "plain",
                      "optional": true,
                      "computed": true
                    },
                    "value": {
                      "type": "string",
                      "description_kind": "plain",
                      "required": true
                    }
                  },
                  "description_kind": "plain"
                }
              }
            },
            "description_kind": "plain"
          }
        },
        "constellix_vanity_nameserver": {
          "version": 0,
          "block": {
            "attributes": {
              "id": {
                "type": "string",
                "description_kind": "plain",
                "optional": true,
                "computed": true
              },
              "is_default": {
                "type": "bool",
                "description_kind": "plain",
                "optional": true,
                "computed": true
              },
              "is_public": {
                "type": "bool",
                "description_kind": "plain",
                "optional": true,
                "computed": true
              },
              "name": {
                "type": "string",
                "description_kind": "plain",
                "required": true
              },
              "nameserver_group": {
                "type": "number",
                "description_kind": "plain",
                "optional": true,
                "computed": true
              },
              "nameserver_group_name": {
                "type": "string",
                "description_kind": "plain",
                "optional": true,
                "computed": true
              },
              "nameserver_list_string": {
                "type": "string",
                "description_kind": "plain",
                "optional": true,
                "computed": true
              }
            },
            "description_kind": "plain"
          }
        }
      }
    }
  }
}
