{
  "format_version": "1.0",
  "provider_schemas": {
    "registry.terraform.io/dnsmadeeasy/dme": {
      "provider": {
        "version": 0,
        "block": {
          "attributes": {
            "api_key": {
              "type": "string",
              "description": "API key for HTTP call",
              "description_kind": "plain",
              "required": true
            },
            "insecure": {
              "type": "bool",
              "description": "Allows insecure HTTTPS client",
              "description_kind": "plain",
              "optional": true
            },
            "proxyurl": {
              "type": "string",
              "description": "Proxy server URL",
              "description_kind": "plain",
              "optional": true
            },
            "secret_key": {
              "type": "string",
              "description": "Secret Key for HMAC",
              "description_kind": "plain",
              "required": true
            }
          },
          "description_kind": "plain"
        }
      },
      "resource_schemas": {
        "dme_contact_list": {
          "version": 0,
          "block": {
            "attributes": {
              "emails": {
                "type": [
                  "list",
                  "string"
                ],
                "description_kind": "plain",
                "required": true
              },
              "id": {
                "type": "string",
                "description_kind": "plain",
                "optional": true,
                "computed": true
              },
              "name": {
                "type": "string",
                "description_kind": "plain",
                "required": true
              }
            },
            "description_kind": "plain"
          }
        },
        "dme_custom_soa_record": {
          "version": 1,
          "block": {
            "attributes": {
              "comp": {
                "type": "string",
                "description_kind": "plain",
                "required": true
              },
              "email": {
                "type": "string",
                "description_kind": "plain",
                "required": true
              },
              "expire": {
                "type": "number",
                "description_kind": "plain",
                "required": true
              },
              "id": {
                "type": "string",
                "description_kind": "plain",
                "optional": true,
                "computed": true
              },
              "name": {
                "type": "string",
                "description_kind": "plain",
                "required": true
              },
              "negative_cache": {
                "type": "number",
                "description_kind": "plain",
                "required": true
              },
              "refresh": {
                "type": "number",
                "description_kind": "plain",
                "required": true
              },
              "retry": {
                "type": "number",
                "description_kind": "plain",
                "required": true
              },
              "serial": {
                "type": "number",
                "description_kind": "plain",
                "required": true
              },
              "ttl": {
                "type": "number",
                "description_kind": "plain",
                "required": true
              }
            },
            "description_kind": "plain"
          }
        },
        "dme_dns_record": {
          "version": 0,
          "block": {
            "attributes": {
              "caa_type": {
                "type": "string",
                "description_kind": "plain",
                "optional": true,
                "computed": true
              },
              "description": {
                "type": "string",
                "description_kind": "plain",
                "optional": true,
                "computed": true
              },
              "domain_id": {
                "type": "string",
                "description_kind": "plain",
                "required": true
              },
              "dynamic_dns": {
                "type": "string",
                "description_kind": "plain",
                "optional": true,
                "computed": true
              },
              "gtd_location": {
                "type": "string",
                "description_kind": "plain",
                "optional": true,
                "computed": true
              },
              "hardlink": {
                "type": "string",
                "description_kind": "plain",
                "optional": true,
                "computed": true
              },
              "id": {
                "type": "string",
                "description_kind": "plain",
                "optional": true,
                "computed": true
              },
              "issuer_critical": {
                "type": "string",
                "description_kind": "plain",
                "optional": true,
                "computed": true
              },
              "keywords": {
                "type": "string",
                "description_kind": "plain",
                "optional": true,
                "computed": true
              },
              "mx_level": {
                "type": "string",
                "description_kind": "plain",
                "optional": true,
                "computed": true
              },
              "name": {
                "type": "string",
                "description_kind": "plain",
                "required": true
              },
              "password": {
                "type": "string",
                "description_kind": "plain",
                "optional": true,
                "computed": true
              },
              "port": {
                "type": "string",
                "description_kind": "plain",
                "optional": true,
                "computed": true
              },
              "priority": {
                "type": "string",
                "description_kind": "plain",
                "optional": true,
                "computed": true
              },
              "redirect_type": {
                "type": "string",
                "description_kind": "plain",
                "optional": true,
                "computed": true
              },
              "title": {
                "type": "string",
                "description_kind": "plain",
                "optional": true,
                "computed": true
              },
              "ttl": {
                "type": "string",
                "description_kind": "plain",
                "required": true
              },
              "type": {
                "type": "string",
                "description_kind": "plain",
                "required": true
              },
              "value": {
                "type": "string",
                "description_kind": "plain",
                "required": true
              },
              "weight": {
                "type": "string",
                "description_kind": "plain",
                "optional": true,
                "computed": true
              }
            },
            "description_kind": "plain"
          }
        },
        "dme_domain": {
          "version": 0,
          "block": {
            "attributes": {
              "created": {
                "type": "string",
                "description_kind": "plain",
                "optional": true,
                "computed": true
              },
              "folder_id": {
                "type": "string",
                "description_kind": "plain",
                "optional": true,
                "computed": true
              },
              "gtd_enabled": {
                "type": "string",
                "description_kind": "plain",
                "optional": true,
                "computed": true
              },
              "id": {
                "type": "string",
                "description_kind": "plain",
                "optional": true,
                "computed": true
              },
              "name": {
                "type": "string",
                "description_kind": "plain",
                "required": true
              },
              "soa_id": {
                "type": "string",
                "description_kind": "plain",
                "optional": true,
                "computed": true
              },
              "template_id": {
                "type": "string",
                "description_kind": "plain",
                "optional": true,
                "computed": true
              },
              "transfer_acl_id": {
                "type": "string",
                "description_kind": "plain",
                "optional": true,
                "computed": true
              },
              "updated": {
                "type": "string",
                "description_kind": "plain",
                "optional": true,
                "computed": true
              },
              "vanity_id": {
                "type": "string",
                "description_kind": "plain",
                "optional": true,
                "computed": true
              }
            },
            "description_kind": "plain"
          }
        },
        "dme_failover": {
          "version": 0,
          "block": {
            "attributes": {
              "auto_failover": {
                "type": "string",
                "description_kind": "plain",
                "optional": true,
                "computed": true
              },
              "contact_list": {
                "type": "string",
                "description_kind": "plain",
                "optional": true,
                "computed": true
              },
              "dns_fqdn": {
                "type": "string",
                "description_kind": "plain",
                "optional": true,
                "computed": true
              },
              "dns_timeout": {
                "type": "string",
                "description_kind": "plain",
                "optional": true,
                "computed": true
              },
              "failover": {
                "type": "string",
                "description_kind": "plain",
                "optional": true,
                "computed": true
              },
              "http_file": {
                "type": "string",
                "description_kind": "plain",
                "optional": true,
                "computed": true
              },
              "http_fqdn": {
                "type": "string",
                "description_kind": "plain",
                "optional": true,
                "computed": true
              },
              "http_query_string": {
                "type": "string",
                "description_kind": "plain",
                "optional": true,
                "computed": true
              },
              "id": {
                "type": "string",
                "description_kind": "plain",
                "optional": true,
                "computed": true
              },
              "ip1": {
                "type": "string",
                "description_kind": "plain",
                "optional": true,
                "computed": true
              },
              "ip2": {
                "type": "string",
                "description_kind": "plain",
                "optional": true,
                "computed": true
              },
              "ip3": {
                "type": "string",
                "description_kind": "plain",
                "optional": true,
                "computed": true
              },
              "ip4": {
                "type": "string",
                "description_kind": "plain",
                "optional": true,
                "computed": true
              },
              "ip5": {
                "type": "string",
                "description_kind": "plain",
                "optional": true,
                "computed": true
              },
              "max_emails": {
                "type": "string",
                "description_kind": "plain",
                "optional": true,
                "computed": true
              },
              "monitor": {
                "type": "string",
                "description_kind": "plain",
                "optional": true,
                "computed": true
              },
              "port": {
                "type": "string",
                "description_kind": "plain",
                "required": true
              },
              "protocol_id": {
                "type": "string",
                "description_kind": "plain",
                "optional": true,
                "computed": true
              },
              "record_id": {
                "type": "string",
                "description_kind": "plain",
                "required": true
              },
              "send_string": {
                "type": "string",
                "description_kind": "plain",
                "optional": true,
                "computed": true
              },
              "sensitivity": {
                "type": "string",
                "description_kind": "plain",
                "required": true
              },
              "system_description": {
                "type": "string",
                "description_kind": "plain",
                "optional": true,
                "computed": true
              },
              "timeout": {
                "type": "string",
                "description_kind": "plain",
                "optional": true,
                "computed": true
              }
            },
            "description_kind": "plain"
          }
        },
        "dme_folder_record": {
          "version": 1,
          "block": {
            "attributes": {
              "default_folder": {
                "type": "bool",
                "description_kind": "plain",
                "optional": true
              },
              "domains": {
                "type": [
                  "list",
                  "string"
                ],
                "description_kind": "plain",
                "optional": true
              },
              "id": {
                "type": "string",
                "description_kind": "plain",
                "optional": true,
                "computed": true
              },
              "name": {
                "type": "string",
                "description_kind": "plain",
                "required": true
              },
              "secondaries": {
                "type": [
                  "list",
                  "string"
                ],
                "description_kind": "plain",
                "optional": true
              }
            },
            "block_types": {
              "folder_permissions": {
                "nesting_mode": "set",
                "block": {
                  "attributes": {
                    "group_id": {
                      "type": "number",
                      "description_kind": "plain",
                      "required": true
                    },
                    "group_name": {
                      "type": "string",
                      "description_kind": "plain",
                      "optional": true
                    },
                    "permission": {
                      "type": "number",
                      "description_kind": "plain",
                      "optional": true
                    }
                  },
                  "description_kind": "plain"
                }
              }
            },
            "description_kind": "plain"
          }
        },
        "dme_secondary_dns": {
          "version": 0,
          "block": {
            "attributes": {
              "folder_id": {
                "type": "string",
                "description_kind": "plain",
                "optional": true,
                "computed": true
              },
              "id": {
                "type": "string",
                "description_kind": "plain",
                "optional": true,
                "computed": true
              },
              "ipset_id": {
                "type": "string",
                "description_kind": "plain",
                "required": true
              },
              "name": {
                "type": "string",
                "description_kind": "plain",
                "required": true
              }
            },
            "description_kind": "plain"
          }
        },
        "dme_secondary_ip_set": {
          "version": 0,
          "block": {
            "attributes": {
              "id": {
                "type": "string",
                "description_kind": "plain",
                "optional": true,
                "computed": true
              },
              "ips": {
                "type": [
                  "list",
                  "string"
                ],
                "description_kind": "plain",
                "required": true
              },
              "name": {
                "type": "string",
                "description_kind": "plain",
                "required": true
              }
            },
            "description_kind": "plain"
          }
        },
        "dme_template": {
          "version": 0,
          "block": {
            "attributes": {
              "domain_ids": {
                "type": [
                  "list",
                  "number"
                ],
                "description_kind": "plain",
                "optional": true,
                "computed": true
              },
              "id": {
                "type": "string",
                "description_kind": "plain",
                "optional": true,
                "computed": true
              },
              "name": {
                "type": "string",
                "description_kind": "plain",
                "required": true
              },
              "public_template": {
                "type": "string",
                "description_kind": "plain",
                "optional": true,
                "computed": true
              }
            },
            "description_kind": "plain"
          }
        },
        "dme_template_record": {
          "version": 0,
          "block": {
            "attributes": {
              "caa_type": {
                "type": "string",
                "description_kind": "plain",
                "optional": true,
                "computed": true
              },
              "description": {
                "type": "string",
                "description_kind": "plain",
                "optional": true,
                "computed": true
              },
              "dynamic_dns": {
                "type": "string",
                "description_kind": "plain",
                "optional": true,
                "computed": true
              },
              "gtd_location": {
                "type": "string",
                "description_kind": "plain",
                "optional": true,
                "computed": true
              },
              "hardlink": {
                "type": "string",
                "description_kind": "plain",
                "optional": true,
                "computed": true
              },
              "id": {
                "type": "string",
                "description_kind": "plain",
                "optional": true,
                "computed": true
              },
              "issuer_critical": {
                "type": "string",
                "description_kind": "plain",
                "optional": true,
                "computed": true
              },
              "keywords": {
                "type": "string",
                "description_kind": "plain",
                "optional": true,
                "computed": true
              },
              "mx_level": {
                "type": "string",
                "description_kind": "plain",
                "optional": true,
                "computed": true
              },
              "name": {
                "type": "string",
                "description_kind": "plain",
                "required": true
              },
              "password": {
                "type": "string",
                "description_kind": "plain",
                "optional": true,
                "computed": true
              },
              "port": {
                "type": "string",
                "description_kind": "plain",
                "optional": true,
                "computed": true
              },
              "priority": {
                "type": "string",
                "description_kind": "plain",
                "optional": true,
                "computed": true
              },
              "redirect_type": {
                "type": "string",
                "description_kind": "plain",
                "optional": true,
                "computed": true
              },
              "template_id": {
                "type": "string",
                "description_kind": "plain",
                "required": true
              },
              "title": {
                "type": "string",
                "description_kind": "plain",
                "optional": true,
                "computed": true
              },
              "ttl": {
                "type": "string",
                "description_kind": "plain",
                "required": true
              },
              "type": {
                "type": "string",
                "description_kind": "plain",
                "required": true
              },
              "value": {
                "type": "string",
                "description_kind": "plain",
                "required": true
              },
              "weight": {
                "type": "string",
                "description_kind": "plain",
                "optional": true,
                "computed": true
              }
            },
            "description_kind": "plain"
          }
        },
        "dme_transfer_acl": {
          "version": 0,
          "block": {
            "attributes": {
              "id": {
                "type": "string",
                "description_kind": "plain",
                "optional": true,
                "computed": true
              },
              "ips": {
                "type": [
                  "list",
                  "string"
                ],
                "description_kind": "plain",
                "required": true
              },
              "name": {
                "type": "string",
                "description_kind": "plain",
                "required": true
              }
            },
            "description_kind": "plain"
          }
        },
        "dme_vanity_nameserver_record": {
          "version": 1,
          "block": {
            "attributes": {
              "default_config": {
                "type": "bool",
                "description_kind": "plain",
                "optional": true
              },
              "id": {
                "type": "string",
                "description_kind": "plain",
                "optional": true,
                "computed": true
              },
              "name": {
                "type": "string",
                "description_kind": "plain",
                "required": true
              },
              "name_server_group_id": {
                "type": "number",
                "description_kind": "plain",
                "optional": true
              },
              "public_config": {
                "type": "bool",
                "description_kind": "plain",
                "optional": true
              },
              "servers": {
                "type": [
                  "list",
                  "string"
                ],
                "description_kind": "plain",
                "required": true
              }
            },
            "description_kind": "plain"
          }
        }
      },
      "data_source_schemas": {
        "dme_contact_list": {
          "version": 0,
          "block": {
            "attributes": {
              "emails": {
                "type": [
                  "list",
                  "string"
                ],
                "description_kind": "plain",
                "optional": true,
                "computed": true
              },
              "id": {
                "type": "string",
                "description_kind": "plain",
                "optional": true,
                "computed": true
              },
              "name": {
                "type": "string",
                "description_kind": "plain",
                "required": true
              }
            },
            "description_kind": "plain"
          }
        },
        "dme_custom_soa_record": {
          "version": 1,
          "block": {
            "attributes": {
              "comp": {
                "type": "string",
                "description_kind": "plain",
                "optional": true,
                "computed": true
              },
              "email": {
                "type": "string",
                "description_kind": "plain",
                "optional": true,
                "computed": true
              },
              "expire": {
                "type": "string",
                "description_kind": "plain",
                "optional": true,
                "computed": true
              },
              "id": {
                "type": "string",
                "description_kind": "plain",
                "optional": true,
                "computed": true
              },
              "name": {
                "type": "string",
                "description_kind": "plain",
                "required": true
              },
              "negative_cache": {
                "type": "string",
                "description_kind": "plain",
                "optional": true,
                "computed": true
              },
              "refresh": {
                "type": "string",
                "description_kind": "plain",
                "optional": true,
                "computed": true
              },
              "retry": {
                "type": "string",
                "description_kind": "plain",
                "optional": true,
                "computed": true
              },
              "serial": {
                "type": "string",
                "description_kind": "plain",
                "optional": true,
                "computed": true
              },
              "ttl": {
                "type": "string",
                "description_kind": "plain",
                "optional": true,
                "computed": true
              }
            },
            "description_kind": "plain"
          }
        },
        "dme_dns_record": {
          "version": 0,
          "block": {
            "attributes": {
              "caa_type": {
                "type": "string",
                "description_kind": "plain",
                "optional": true,
                "computed": true
              },
              "description": {
                "type": "string",
                "description_kind": "plain",
                "optional": true,
                "computed": true
              },
              "domain_id": {
                "type": "string",
                "description_kind": "plain",
                "required": true
              },
              "dynamic_dns": {
                "type": "string",
                "description_kind": "plain",
                "optional": true,
                "computed": true
              },
              "gtd_location": {
                "type": "string",
                "description_kind": "plain",
                "optional": true,
                "computed": true
              },
              "hardlink": {
                "type": "string",
                "description_kind": "plain",
                "optional": true,
                "computed": true
              },
              "id": {
                "type": "string",
                "description_kind": "plain",
                "optional": true,
                "computed": true
              },
              "issuer_critical": {
                "type": "string",
                "description_kind": "plain",
                "optional": true,
                "computed": true
              },
              "keywords": {
                "type": "string",
                "description_kind": "plain",
                "optional": true,
                "computed": true
              },
              "mx_level": {
                "type": "string",
                "description_kind": "plain",
                "optional": true,
                "computed": true
              },
              "name": {
                "type": "string",
                "description_kind": "plain",
                "required": true
              },
              "password": {
                "type": "string",
                "description_kind": "plain",
                "optional": true,
                "computed": true
              },
              "port": {
                "type": "string",
                "description_kind": "plain",
                "optional": true,
                "computed": true
              },
              "priority": {
                "type": "string",
                "description_kind": "plain",
                "optional": true,
                "computed": true
              },
              "redirect_type": {
                "type": "string",
                "description_kind": "plain",
                "optional": true,
                "computed": true
              },
              "title": {
                "type": "string",
                "description_kind": "plain",
                "optional": true,
                "computed": true
              },
              "ttl": {
                "type": "string",
                "description_kind": "plain",
                "optional": true,
                "computed": true
              },
              "type": {
                "type": "string",
                "description_kind": "plain",
                "required": true
              },
              "value": {
                "type": "string",
                "description_kind": "plain",
                "optional": true,
                "computed": true
              },
              "weight": {
                "type": "string",
                "description_kind": "plain",
                "optional": true,
                "computed": true
              }
            },
            "description_kind": "plain"
          }
        },
        "dme_domain": {
          "version": 0,
          "block": {
            "attributes": {
              "created": {
                "type": "string",
                "description_kind": "plain",
                "optional": true,
                "computed": true
              },
              "folder_id": {
                "type": "string",
                "description_kind": "plain",
                "optional": true,
                "computed": true
              },
              "gtd_enabled": {
                "type": "string",
                "description_kind": "plain",
                "optional": true,
                "computed": true
              },
              "id": {
                "type": "string",
                "description_kind": "plain",
                "optional": true,
                "computed": true
              },
              "name": {
                "type": "string",
                "description_kind": "plain",
                "required": true
              },
              "soa_id": {
                "type": "string",
                "description_kind": "plain",
                "optional": true,
                "computed": true
              },
              "template_id": {
                "type": "string",
                "description_kind": "plain",
                "optional": true,
                "computed": true
              },
              "transfer_acl_id": {
                "type": "string",
                "description_kind": "plain",
                "optional": true,
                "computed": true
              },
              "updated": {
                "type": "string",
                "description_kind": "plain",
                "optional": true,
                "computed": true
              },
              "vanity_id": {
                "type": "string",
                "description_kind": "plain",
                "optional": true,
                "computed": true
              }
            },
            "description_kind": "plain"
          }
        },
        "dme_failover": {
          "version": 0,
          "block": {
            "attributes": {
              "auto_failover": {
                "type": "string",
                "description_kind": "plain",
                "optional": true,
                "computed": true
              },
              "contact_list": {
                "type": "string",
                "description_kind": "plain",
                "optional": true,
                "computed": true
              },
              "dns_fqdn": {
                "type": "string",
                "description_kind": "plain",
                "optional": true,
                "computed": true
              },
              "dns_timeout": {
                "type": "string",
                "description_kind": "plain",
                "optional": true,
                "computed": true
              },
              "failover": {
                "type": "string",
                "description_kind": "plain",
                "optional": true,
                "computed": true
              },
              "http_file": {
                "type": "string",
                "description_kind": "plain",
                "optional": true,
                "computed": true
              },
              "http_fqdn": {
                "type": "string",
                "description_kind": "plain",
                "optional": true,
                "computed": true
              },
              "http_query_string": {
                "type": "string",
                "description_kind": "plain",
                "optional": true,
                "computed": true
              },
              "id": {
                "type": "string",
                "description_kind": "plain",
                "optional": true,
                "computed": true
              },
              "ip1": {
                "type": "string",
                "description_kind": "plain",
                "optional": true,
                "computed": true
              },
              "ip2": {
                "type": "string",
                "description_kind": "plain",
                "optional": true,
                "computed": true
              },
              "ip3": {
                "type": "string",
                "description_kind": "plain",
                "optional": true,
                "computed": true
              },
              "ip4": {
                "type": "string",
                "description_kind": "plain",
                "optional": true,
                "computed": true
              },
              "ip5": {
                "type": "string",
                "description_kind": "plain",
                "optional": true,
                "computed": true
              },
              "max_emails": {
                "type": "string",
                "description_kind": "plain",
                "optional": true,
                "computed": true
              },
              "monitor": {
                "type": "string",
                "description_kind": "plain",
                "optional": true,
                "computed": true
              },
              "port": {
                "type": "string",
                "description_kind": "plain",
                "optional": true,
                "computed": true
              },
              "protocol_id": {
                "type": "string",
                "description_kind": "plain",
                "optional": true,
                "computed": true
              },
              "record_id": {
                "type": "string",
                "description_kind": "plain",
                "required": true
              },
              "send_string": {
                "type": "string",
                "description_kind": "plain",
                "optional": true,
                "computed": true
              },
              "sensitivity": {
                "type": "string",
                "description_kind": "plain",
                "optional": true,
                "computed": true
              },
              "system_description": {
                "type": "string",
                "description_kind": "plain",
                "optional": true,
                "computed": true
              },
              "timeout": {
                "type": "string",
                "description_kind": "plain",
                "optional": true,
                "computed": true
              }
            },
            "description_kind": "plain"
          }
        },
        "dme_folder_record": {
          "version": 1,
          "block": {
            "attributes": {
              "default_folder": {
                "type": "string",
                "description_kind": "plain",
                "optional": true,
                "computed": true
              },
              "domains": {
                "type": [
                  "list",
                  "string"
                ],
                "description_kind": "plain",
                "optional": true,
                "computed": true
              },
              "id": {
                "type": "string",
                "description_kind": "plain",
                "optional": true,
                "computed": true
              },
              "name": {
                "type": "string",
                "description_kind": "plain",
                "required": true
              },
              "secondaries": {
                "type": [
                  "list",
                  "string"
                ],
                "description_kind": "plain",
                "optional": true,
                "computed": true
              }
            },
            "block_types": {
              "folder_permissions": {
                "nesting_mode": "set",
                "block": {
                  "attributes": {
                    "group_id": {
                      "type": "string",
                      "description_kind": "plain",
                      "optional": true,
                      "computed": true
                    },
                    "group_name": {
                      "type": "string",
                      "description_kind": "plain",
                      "optional": true,
                      "computed": true
                    },
                    "permission": {
                      "type": "string",
                      "description_kind": "plain",
                      "optional": true,
                      "computed": true
                    }
                  },
                  "description_kind": "plain"
                }
              }
            },
            "description_kind": "plain"
          }
        },
        "dme_secondary_dns": {
          "version": 0,
          "block": {
            "attributes": {
              "folder_id": {
                "type": "string",
                "description_kind": "plain",
                "optional": true,
                "computed": true
              },
              "id": {
                "type": "string",
                "description_kind": "plain",
                "optional": true,
                "computed": true
              },
              "ipset_id": {
                "type": "string",
                "description_kind": "plain",
                "optional": true,
                "computed": true
              },
              "name": {
                "type": "string",
                "description_kind": "plain",
                "required": true
              }
            },
            "description_kind": "plain"
          }
        },
        "dme_secondary_ip_set": {
          "version": 0,
          "block": {
            "attributes": {
              "id": {
                "type": "string",
                "description_kind": "plain",
                "optional": true,
                "computed": true
              },
              "ips": {
                "type": [
                  "list",
                  "string"
                ],
                "description_kind": "plain",
                "optional": true,
                "computed": true
              },
              "name": {
                "type": "string",
                "description_kind": "plain",
                "required": true
              }
            },
            "description_kind": "plain"
          }
        },
        "dme_template": {
          "version": 0,
          "block": {
            "attributes": {
              "domain_ids": {
                "type": [
                  "list",
                  "number"
                ],
                "description_kind": "plain",
                "optional": true,
                "computed": true
              },
              "id": {
                "type": "string",
                "description_kind": "plain",
                "optional": true,
                "computed": true
              },
              "name": {
                "type": "string",
                "description_kind": "plain",
                "required": true
              },
              "public_template": {
                "type": "string",
                "description_kind": "plain",
                "optional": true,
                "computed": true
              }
            },
            "description_kind": "plain"
          }
        },
        "dme_template_record": {
          "version": 0,
          "block": {
            "attributes": {
              "caa_type": {
                "type": "string",
                "description_kind": "plain",
                "optional": true,
                "computed": true
              },
              "description": {
                "type": "string",
                "description_kind": "plain",
                "optional": true,
                "computed": true
              },
              "dynamic_dns": {
                "type": "string",
                "description_kind": "plain",
                "optional": true,
                "computed": true
              },
              "gtd_location": {
                "type": "string",
                "description_kind": "plain",
                "optional": true,
                "computed": true
              },
              "hardlink": {
                "type": "string",
                "description_kind": "plain",
                "optional": true,
                "computed": true
              },
              "id": {
                "type": "string",
                "description_kind": "plain",
                "optional": true,
                "computed": true
              },
              "issuer_critical": {
                "type": "string",
                "description_kind": "plain",
                "optional": true,
                "computed": true
              },
              "keywords": {
                "type": "string",
                "description_kind": "plain",
                "optional": true,
                "computed": true
              },
              "mx_level": {
                "type": "string",
                "description_kind": "plain",
                "optional": true,
                "computed": true
              },
              "name": {
                "type": "string",
                "description_kind": "plain",
                "required": true
              },
              "password": {
                "type": "string",
                "description_kind": "plain",
                "optional": true,
                "computed": true
              },
              "port": {
                "type": "string",
                "description_kind": "plain",
                "optional": true,
                "computed": true
              },
              "priority": {
                "type": "string",
                "description_kind": "plain",
                "optional": true,
                "computed": true
              },
              "redirect_type": {
                "type": "string",
                "description_kind": "plain",
                "optional": true,
                "computed": true
              },
              "template_id": {
                "type": "string",
                "description_kind": "plain",
                "required": true
              },
              "title": {
                "type": "string",
                "description_kind": "plain",
                "optional": true,
                "computed": true
              },
              "ttl": {
                "type": "string",
                "description_kind": "plain",
                "optional": true,
                "computed": true
              },
              "type": {
                "type": "string",
                "description_kind": "plain",
                "required": true
              },
              "value": {
                "type": "string",
                "description_kind": "plain",
                "optional": true,
                "computed": true
              },
              "weight": {
                "type": "string",
                "description_kind": "plain",
                "optional": true,
                "computed": true
              }
            },
            "description_kind": "plain"
          }
        },
        "dme_transfer_acl": {
          "version": 0,
          "block": {
            "attributes": {
              "id": {
                "type": "string",
                "description_kind": "plain",
                "optional": true,
                "computed": true
              },
              "ips": {
                "type": [
                  "list",
                  "string"
                ],
                "description_kind": "plain",
                "optional": true,
                "computed": true
              },
              "name": {
                "type": "string",
                "description_kind": "plain",
                "required": true
              }
            },
            "description_kind": "plain"
          }
        },
        "dme_vanity_nameserver_record": {
          "version": 1,
          "block": {
            "attributes": {
              "default_config": {
                "type": "string",
                "description_kind": "plain",
                "optional": true,
                "computed": true
              },
              "id": {
                "type": "string",
                "description_kind": "plain",
                "optional": true,
                "computed": true
              },
              "name": {
                "type": "string",
                "description_kind": "plain",
                "required": true
              },
              "name_server_group_id": {
                "type": "string",
                "description_kind": "plain",
                "optional": true,
                "computed": true
              },
              "public_config": {
                "type": "string",
                "description_kind": "plain",
                "optional": true,
                "computed": true
              },
              "servers": {
                "type": [
                  "list",
                  "string"
                ],
                "description_kind": "plain",
                "optional": true,
                "computed": true
              }
            },
            "description_kind": "plain"
          }
        }
      }
    }
  }
}
