{
  "format_version": "1.0",
  "provider_schemas": {
    "registry.terraform.io/hashicorp/dns": {
      "provider": {
        "version": 0,
        "block": {
          "block_types": {
            "update": {
              "nesting_mode": "list",
              "block": {
                "attributes": {
                  "key_algorithm": {
                    "type": "string",
                    "description_kind": "plain",
                    "optional": true
                  },
                  "key_name": {
                    "type": "string",
                    "description_kind": "plain",
                    "optional": true
                  },
                  "key_secret": {
                    "type": "string",
                    "description_kind": "plain",
                    "optional": true
                  },
                  "port": {
                    "type": "number",
                    "description_kind": "plain",
                    "optional": true
                  },
                  "retries": {
                    "type": "number",
                    "description_kind": "plain",
                    "optional": true
                  },
                  "server": {
                    "type": "string",
                    "description_kind": "plain",
                    "required": true
                  },
                  "timeout": {
                    "type": "string",
                    "description_kind": "plain",
                    "optional": true
                  },
                  "transport": {
                    "type": "string",
                    "description_kind": "plain",
                    "optional": true
                  }
                },
                "block_types": {
                  "gssapi": {
                    "nesting_mode": "list",
                    "block": {
                      "attributes": {
                        "keytab": {
                          "type": "string",
                          "description_kind": "plain",
                          "optional": true
                        },
                        "password": {
                          "type": "string",
                          "description_kind": "plain",
                          "optional": true,
                          "sensitive": true
                        },
                        "realm": {
                          "type": "string",
                          "description_kind": "plain",
                          "required": true
                        },
                        "username": {
                          "type": "string",
                          "description_kind": "plain",
                          "optional": true
                        }
                      },
                      "description_kind": "plain"
                    },
                    "max_items": 1
                  }
                },
                "description_kind": "plain"
              },
              "max_items": 1
            }
          },
          "description_kind": "plain"
        }
      },
      "resource_schemas": {
        "dns_a_record_set": {
          "version": 0,
          "block": {
            "attributes": {
              "addresses": {
                "type": [
                  "set",
                  "string"
                ],
                "description_kind": "plain",
                "required": true
              },
              "id": {
                "type": "string",
                "description_kind": "plain",
                "optional": true,
                "computed": true
              },
              "name": {
                "type": "string",
                "description_kind": "plain",
                "optional": true
              },
              "ttl": {
                "type": "number",
                "description_kind": "plain",
                "optional": true
              },
              "zone": {
                "type": "string",
                "description_kind": "plain",
                "required": true
              }
            },
            "description_kind": "plain"
          }
        },
        "dns_aaaa_record_set": {
          "version": 0,
          "block": {
            "attributes": {
              "addresses": {
                "type": [
                  "set",
                  "string"
                ],
                "description_kind": "plain",
                "required": true
              },
              "id": {
                "type": "string",
                "description_kind": "plain",
                "optional": true,
                "computed": true
              },
              "name": {
                "type": "string",
                "description_kind": "plain",
                "optional": true
              },
              "ttl": {
                "type": "number",
                "description_kind": "plain",
                "optional": true
              },
              "zone": {
                "type": "string",
                "description_kind": "plain",
                "required": true
              }
            },
            "description_kind": "plain"
          }
        },
        "dns_cname_record": {
          "version": 0,
          "block": {
            "attributes": {
              "cname": {
                "type": "string",
                "description_kind": "plain",
                "required": true
              },
              "id": {
                "type": "string",
                "description_kind": "plain",
                "optional": true,
                "computed": true
              },
              "name": {
                "type": "string",
                "description_kind": "plain",
                "required": true
              },
              "ttl": {
                "type": "number",
                "description_kind": "plain",
                "optional": true
              },
              "zone": {
                "type": "string",
                "description_kind": "plain",
                "required": true
              }
            },
            "description_kind": "plain"
          }
        },
        "dns_mx_record_set": {
          "version": 0,
          "block": {
            "attributes": {
              "id": {
                "type": "string",
                "description_kind": "plain",
                "optional": true,
                "computed": true
              },
              "name": {
                "type": "string",
                "description_kind": "plain",
                "optional": true
              },
              "ttl": {
                "type": "number",
                "description_kind": "plain",
                "optional": true
              },
              "zone": {
                "type": "string",
                "description_kind": "plain",
                "required": true
              }
            },
            "block_types": {
              "mx": {
                "nesting_mode": "set",
                "block": {
                  "attributes": {
                    "exchange": {
                      "type": "string",
                      "description_kind": "plain",
                      "required": true
                    },
                    "preference": {
                      "type": "number",
                      "description_kind": "plain",
                      "required": true
                    }
                  },
                  "description_kind": "plain"
                },
                "min_items": 1
              }
            },
            "description_kind": "plain"
          }
        },
        "dns_ns_record_set": {
          "version": 0,
          "block": {
            "attributes": {
              "id": {
                "type": "string",
                "description_kind": "plain",
                "optional": true,
                "computed": true
              },
              "name": {
                "type": "string",
                "description_kind": "plain",
                "required": true
              },
              "nameservers": {
                "type": [
                  "set",
                  "string"
                ],
                "description_kind": "plain",
                "required": true
              },
              "ttl": {
                "type": "number",
                "description_kind": "plain",
                "optional": true
              },
              "zone": {
                "type": "string",
                "description_kind": "plain",
                "required": true
              }
            },
            "description_kind": "plain"
          }
        },
        "dns_ptr_record": {
          "version": 0,
          "block": {
            "attributes": {
              "id": {
                "type": "string",
                "description_kind": "plain",
                "optional": true,
                "computed": true
              },
              "name": {
                "type": "string",
                "description_kind": "plain",
                "optional": true
              },
              "ptr": {
                "type": "string",
                "description_kind": "plain",
                "required": true
              },
              "ttl": {
                "type": "number",
                "description_kind": "plain",
                "optional": true
              },
              "zone": {
                "type": "string",
                "description_kind": "plain",
                "required": true
              }
            },
            "description_kind": "plain"
          }
        },
        "dns_srv_record_set": {
          "version": 0,
          "block": {
            "attributes": {
              "id": {
                "type": "string",
                "description_kind": "plain",
                "optional": true,
                "computed": true
              },
              "name": {
                "type": "string",
                "description_kind": "plain",
                "required": true
              },
              "ttl": {
                "type": "number",
                "description_kind": "plain",
                "optional": true
              },
              "zone": {
                "type": "string",
                "description_kind": "plain",
                "required": true
              }
            },
            "block_types": {
              "srv": {
                "nesting_mode": "set",
                "block": {
                  "attributes": {
                    "port": {
                      "type": "number",
                      "description_kind": "plain",
                      "required": true
                    },
                    "priority": {
                      "type": "number",
                      "description_kind": "plain",
                      "required": true
                    },
                    "target": {
                      "type": "string",
                      "description_kind": "plain",
                      "required": true
                    },
                    "weight": {
                      "type": "number",
                      "description_kind": "plain",
                      "required": true
                    }
                  },
                  "description_kind": "plain"
                },
                "min_items": 1
              }
            },
            "description_kind": "plain"
          }
        },
        "dns_txt_record_set": {
          "version": 0,
          "block": {
            "attributes": {
              "id": {
                "type": "string",
                "description_kind": "plain",
                "optional": true,
                "computed": true
              },
              "name": {
                "type": "string",
                "description_kind": "plain",
                "optional": true
              },
              "ttl": {
                "type": "number",
                "description_kind": "plain",
                "optional": true
              },
              "txt": {
                "type": [
                  "set",
                  "string"
                ],
                "description_kind": "plain",
                "required": true
              },
              "zone": {
                "type": "string",
                "description_kind": "plain",
                "required": true
              }
            },
            "description_kind": "plain"
          }
        }
      },
      "data_source_schemas": {
        "dns_a_record_set": {
          "version": 0,
          "block": {
            "attributes": {
              "addrs": {
                "type": [
                  "list",
                  "string"
                ],
                "description_kind": "plain",
                "computed": true
              },
              "host": {
                "type": "string",
                "description_kind": "plain",
                "required": true
              },
              "id": {
                "type": "string",
                "description_kind": "plain",
                "optional": true,
                "computed": true
              }
            },
            "description_kind": "plain"
          }
        },
        "dns_aaaa_record_set": {
          "version": 0,
          "block": {
            "attributes": {
              "addrs": {
                "type": [
                  "list",
                  "string"
                ],
                "description_kind": "plain",
                "computed": true
              },
              "host": {
                "type": "string",
                "description_kind": "plain",
                "required": true
              },
              "id": {
                "type": "string",
                "description_kind": "plain",
                "optional": true,
                "computed": true
              }
            },
            "description_kind": "plain"
          }
        },
        "dns_cname_record_set": {
          "version": 0,
          "block": {
            "attributes": {
              "cname": {
                "type": "string",
                "description_kind": "plain",
                "computed": true
              },
              "host": {
                "type": "string",
                "description_kind": "plain",
                "required": true
              },
              "id": {
                "type": "string",
                "description_kind": "plain",
                "optional": true,
                "computed": true
              }
            },
            "description_kind": "plain"
          }
        },
        "dns_mx_record_set": {
          "version": 0,
          "block": {
            "attributes": {
              "domain": {
                "type": "string",
                "description_kind": "plain",
                "required": true
              },
              "id": {
                "type": "string",
                "description_kind": "plain",
                "optional": true,
                "computed": true
              },
              "mx": {
                "type": [
                  "list",
                  [
                    "object",
                    {
                      "exchange": "string",
                      "preference": "number"
                    }
                  ]
                ],
                "description_kind": "plain",
                "computed": true
              }
            },
            "description_kind": "plain"
          }
        },
        "dns_ns_record_set": {
          "version": 0,
          "block": {
            "attributes": {
              "host": {
                "type": "string",
                "description_kind": "plain",
                "required": true
              },
              "id": {
                "type": "string",
                "description_kind": "plain",
                "optional": true,
                "computed": true
              },
              "nameservers": {
                "type": [
                  "list",
                  "string"
                ],
                "description_kind": "plain",
                "computed": true
              }
            },
            "description_kind": "plain"
          }
        },
        "dns_ptr_record_set": {
          "version": 0,
          "block": {
            "attributes": {
              "id": {
                "type": "string",
                "description_kind": "plain",
                "optional": true,
                "computed": true
              },
              "ip_address": {
                "type": "string",
                "description_kind": "plain",
                "required": true
              },
              "ptr": {
                "type": "string",
                "description_kind": "plain",
                "computed": true
              }
            },
            "description_kind": "plain"
          }
        },
        "dns_srv_record_set": {
          "version": 0,
          "block": {
            "attributes": {
              "id": {
                "type": "string",
                "description_kind": "plain",
                "optional": true,
                "computed": true
              },
              "service": {
                "type": "string",
                "description_kind": "plain",
                "required": true
              },
              "srv": {
                "type": [
                  "list",
                  [
                    "object",
                    {
                      "port": "number",
                      "priority": "number",
                      "target": "string",
                      "weight": "number"
                    }
                  ]
                ],
                "description_kind": "plain",
                "computed": true
              }
            },
            "description_kind": "plain"
          }
        },
        "dns_txt_record_set": {
          "version": 0,
          "block": {
            "attributes": {
              "host": {
                "type": "string",
                "description_kind": "plain",
                "required": true
              },
              "id": {
                "type": "string",
                "description_kind": "plain",
                "optional": true,
                "computed": true
              },
              "record": {
                "type": "string",
                "description_kind": "plain",
                "computed": true
              },
              "records": {
                "type": [
                  "list",
                  "string"
                ],
                "description_kind": "plain",
                "computed": true
              }
            },
            "description_kind": "plain"
          }
        }
      }
    }
  }
}
