{
  "format_version": "1.0",
  "provider_schemas": {
    "registry.terraform.io/dnsimple/dnsimple": {
      "provider": {
        "version": 0,
        "block": {
          "attributes": {
            "account": {
              "type": "string",
              "description": "The account for API operations.",
              "description_kind": "plain",
              "required": true
            },
            "prefetch": {
              "type": "bool",
              "description": "Flag to enable the prefetch of zone records.",
              "description_kind": "plain",
              "optional": true
            },
            "sandbox": {
              "type": "bool",
              "description": "Flag to enable the sandbox API.",
              "description_kind": "plain",
              "optional": true
            },
            "token": {
              "type": "string",
              "description": "The API v2 token for API operations.",
              "description_kind": "plain",
              "required": true,
              "sensitive": true
            },
            "user_agent": {
              "type": "string",
              "description": "Custom string to append to the user agent used for sending HTTP requests to the API.",
              "description_kind": "plain",
              "optional": true
            }
          },
          "description_kind": "plain"
        }
      },
      "resource_schemas": {
        "dnsimple_domain": {
          "version": 0,
          "block": {
            "attributes": {
              "account_id": {
                "type": "number",
                "description_kind": "plain",
                "computed": true
              },
              "auto_renew": {
                "type": "bool",
                "description_kind": "plain",
                "computed": true
              },
              "id": {
                "type": "string",
                "description_kind": "plain",
                "optional": true,
                "computed": true
              },
              "name": {
                "type": "string",
                "description_kind": "plain",
                "required": true
              },
              "private_whois": {
                "type": "bool",
                "description_kind": "plain",
                "computed": true
              },
              "registrant_id": {
                "type": "number",
                "description_kind": "plain",
                "computed": true
              },
              "state": {
                "type": "string",
                "description_kind": "plain",
                "computed": true
              },
              "unicode_name": {
                "type": "string",
                "description_kind": "plain",
                "computed": true
              }
            },
            "description_kind": "plain"
          }
        },
        "dnsimple_email_forward": {
          "version": 0,
          "block": {
            "attributes": {
              "alias_email": {
                "type": "string",
                "description_kind": "plain",
                "computed": true
              },
              "alias_name": {
                "type": "string",
                "description_kind": "plain",
                "required": true
              },
              "destination_email": {
                "type": "string",
                "description_kind": "plain",
                "required": true
              },
              "domain": {
                "type": "string",
                "description_kind": "plain",
                "required": true
              },
              "id": {
                "type": "string",
                "description_kind": "plain",
                "optional": true,
                "computed": true
              }
            },
            "description_kind": "plain"
          }
        },
        "dnsimple_lets_encrypt_certificate": {
          "version": 0,
          "block": {
            "attributes": {
              "authority_identifier": {
                "type": "string",
                "description_kind": "plain",
                "computed": true
              },
              "auto_renew": {
                "type": "bool",
                "description_kind": "plain",
                "required": true
              },
              "contact_id": {
                "type": "number",
                "description_kind": "plain",
                "deprecated": true,
                "optional": true
              },
              "created_at": {
                "type": "string",
                "description_kind": "plain",
                "computed": true
              },
              "csr": {
                "type": "string",
                "description_kind": "plain",
                "computed": true
              },
              "domain_id": {
                "type": "string",
                "description_kind": "plain",
                "optional": true
              },
              "expires_on": {
                "type": "string",
                "description_kind": "plain",
                "computed": true
              },
              "id": {
                "type": "string",
                "description_kind": "plain",
                "computed": true
              },
              "name": {
                "type": "string",
                "description_kind": "plain",
                "required": true
              },
              "signature_algorithm": {
                "type": "string",
                "description_kind": "plain",
                "optional": true
              },
              "state": {
                "type": "string",
                "description_kind": "plain",
                "computed": true
              },
              "updated_at": {
                "type": "string",
                "description_kind": "plain",
                "computed": true
              },
              "years": {
                "type": "number",
                "description_kind": "plain",
                "computed": true
              }
            },
            "block_types": {
              "timeouts": {
                "nesting_mode": "single",
                "block": {
                  "attributes": {
                    "read": {
                      "type": "string",
                      "description_kind": "plain",
                      "optional": true
                    }
                  },
                  "description_kind": "plain"
                }
              }
            },
            "description_kind": "plain"
          }
        },
        "dnsimple_record": {
          "version": 0,
          "block": {
            "attributes": {
              "domain": {
                "type": "string",
                "description_kind": "plain",
                "required": true
              },
              "domain_id": {
                "type": "string",
                "description_kind": "plain",
                "computed": true
              },
              "hostname": {
                "type": "string",
                "description_kind": "plain",
                "computed": true
              },
              "id": {
                "type": "string",
                "description_kind": "plain",
                "optional": true,
                "computed": true
              },
              "name": {
                "type": "string",
                "description_kind": "plain",
                "required": true
              },
              "priority": {
                "type": "string",
                "description_kind": "plain",
                "optional": true,
                "computed": true
              },
              "ttl": {
                "type": "string",
                "description_kind": "plain",
                "optional": true
              },
              "type": {
                "type": "string",
                "description_kind": "plain",
                "required": true
              },
              "value": {
                "type": "string",
                "description_kind": "plain",
                "required": true
              }
            },
            "description_kind": "plain"
          }
        },
        "dnsimple_zone_record": {
          "version": 1,
          "block": {
            "attributes": {
              "id": {
                "type": "string",
                "description_kind": "plain",
                "optional": true,
                "computed": true
              },
              "name": {
                "type": "string",
                "description_kind": "plain",
                "required": true
              },
              "priority": {
                "type": "string",
                "description_kind": "plain",
                "optional": true,
                "computed": true
              },
              "qualified_name": {
                "type": "string",
                "description_kind": "plain",
                "computed": true
              },
              "ttl": {
                "type": "string",
                "description_kind": "plain",
                "optional": true
              },
              "type": {
                "type": "string",
                "description_kind": "plain",
                "required": true
              },
              "value": {
                "type": "string",
                "description_kind": "plain",
                "required": true
              },
              "zone_id": {
                "type": "string",
                "description_kind": "plain",
                "computed": true
              },
              "zone_name": {
                "type": "string",
                "description_kind": "plain",
                "required": true
              }
            },
            "description_kind": "plain"
          }
        }
      },
      "data_source_schemas": {
        "dnsimple_certificate": {
          "version": 0,
          "block": {
            "attributes": {
              "certificate_chain": {
                "type": [
                  "list",
                  "string"
                ],
                "description_kind": "plain",
                "computed": true
              },
              "certificate_id": {
                "type": "string",
                "description_kind": "plain",
                "required": true
              },
              "domain": {
                "type": "string",
                "description_kind": "plain",
                "required": true
              },
              "id": {
                "type": "string",
                "description_kind": "plain",
                "optional": true,
                "computed": true
              },
              "private_key": {
                "type": "string",
                "description_kind": "plain",
                "computed": true
              },
              "root_certificate": {
                "type": "string",
                "description_kind": "plain",
                "computed": true
              },
              "server_certificate": {
                "type": "string",
                "description_kind": "plain",
                "computed": true
              }
            },
            "description_kind": "plain"
          }
        },
        "dnsimple_zone": {
          "version": 0,
          "block": {
            "attributes": {
              "account_id": {
                "type": "number",
                "description_kind": "plain",
                "computed": true
              },
              "id": {
                "type": "number",
                "description_kind": "plain",
                "computed": true
              },
              "name": {
                "type": "string",
                "description_kind": "plain",
                "required": true
              },
              "reverse": {
                "type": "bool",
                "description_kind": "plain",
                "computed": true
              }
            },
            "description_kind": "plain"
          }
        }
      }
    }
  }
}
