{
  "format_version": "1.0",
  "provider_schemas": {
    "registry.terraform.io/dnsimple/dnsimple": {
      "provider": {
        "version": 0,
        "block": {
          "attributes": {
            "account": {
              "type": "string",
              "description": "The account for API operations.",
              "description_kind": "markdown",
              "optional": true
            },
            "prefetch": {
              "type": "bool",
              "description": "Flag to enable the prefetch of zone records.",
              "description_kind": "markdown",
              "optional": true
            },
            "sandbox": {
              "type": "bool",
              "description": "Flag to enable the sandbox API.",
              "description_kind": "markdown",
              "optional": true
            },
            "token": {
              "type": "string",
              "description": "The API v2 token for API operations.",
              "description_kind": "markdown",
              "optional": true,
              "sensitive": true
            },
            "user_agent": {
              "type": "string",
              "description": "Custom string to append to the user agent used for sending HTTP requests to the API.",
              "description_kind": "plain",
              "optional": true
            }
          },
          "description": "The DNSimple provider is used to interact with the various services that DNSimple offers. The provider needs to be configured with the proper credentials before it can be used.",
          "description_kind": "markdown"
        }
      },
      "resource_schemas": {
        "dnsimple_contact": {
          "version": 0,
          "block": {
            "attributes": {
              "account_id": {
                "type": "number",
                "description_kind": "plain",
                "computed": true
              },
              "address1": {
                "type": "string",
                "description_kind": "plain",
                "required": true
              },
              "address2": {
                "type": "string",
                "description_kind": "plain",
                "optional": true,
                "computed": true
              },
              "city": {
                "type": "string",
                "description_kind": "plain",
                "required": true
              },
              "country": {
                "type": "string",
                "description_kind": "plain",
                "required": true
              },
              "created_at": {
                "type": "string",
                "description_kind": "plain",
                "computed": true
              },
              "email": {
                "type": "string",
                "description_kind": "plain",
                "required": true
              },
              "fax": {
                "type": "string",
                "description_kind": "plain",
                "optional": true,
                "computed": true
              },
              "fax_normalized": {
                "type": "string",
                "description_kind": "plain",
                "computed": true
              },
              "first_name": {
                "type": "string",
                "description_kind": "plain",
                "required": true
              },
              "id": {
                "type": "number",
                "description_kind": "plain",
                "computed": true
              },
              "job_title": {
                "type": "string",
                "description_kind": "plain",
                "optional": true,
                "computed": true
              },
              "label": {
                "type": "string",
                "description_kind": "plain",
                "optional": true,
                "computed": true
              },
              "last_name": {
                "type": "string",
                "description_kind": "plain",
                "required": true
              },
              "organization_name": {
                "type": "string",
                "description_kind": "plain",
                "optional": true,
                "computed": true
              },
              "phone": {
                "type": "string",
                "description_kind": "plain",
                "required": true
              },
              "phone_normalized": {
                "type": "string",
                "description_kind": "plain",
                "computed": true
              },
              "postal_code": {
                "type": "string",
                "description_kind": "plain",
                "required": true
              },
              "state_province": {
                "type": "string",
                "description_kind": "plain",
                "required": true
              },
              "updated_at": {
                "type": "string",
                "description_kind": "plain",
                "computed": true
              }
            },
            "description": "DNSimple contact resource",
            "description_kind": "markdown"
          }
        },
        "dnsimple_domain": {
          "version": 0,
          "block": {
            "attributes": {
              "account_id": {
                "type": "number",
                "description_kind": "plain",
                "computed": true
              },
              "auto_renew": {
                "type": "bool",
                "description_kind": "plain",
                "computed": true
              },
              "id": {
                "type": "number",
                "description_kind": "plain",
                "computed": true
              },
              "name": {
                "type": "string",
                "description_kind": "plain",
                "required": true
              },
              "private_whois": {
                "type": "bool",
                "description_kind": "plain",
                "computed": true
              },
              "registrant_id": {
                "type": "number",
                "description_kind": "plain",
                "computed": true
              },
              "state": {
                "type": "string",
                "description_kind": "plain",
                "computed": true
              },
              "unicode_name": {
                "type": "string",
                "description_kind": "plain",
                "computed": true
              }
            },
            "description": "DNSimple domain resource",
            "description_kind": "markdown"
          }
        },
        "dnsimple_domain_delegation": {
          "version": 0,
          "block": {
            "attributes": {
              "domain": {
                "type": "string",
                "description_kind": "plain",
                "required": true
              },
              "id": {
                "type": "string",
                "description_kind": "plain",
                "computed": true
              },
              "name_servers": {
                "type": [
                  "list",
                  "string"
                ],
                "description_kind": "plain",
                "required": true
              }
            },
            "description": "DNSimple domain delegation resource",
            "description_kind": "markdown"
          }
        },
        "dnsimple_ds_record": {
          "version": 0,
          "block": {
            "attributes": {
              "algorithm": {
                "type": "string",
                "description_kind": "plain",
                "required": true
              },
              "created_at": {
                "type": "string",
                "description_kind": "plain",
                "computed": true
              },
              "digest": {
                "type": "string",
                "description_kind": "plain",
                "optional": true
              },
              "digest_type": {
                "type": "string",
                "description_kind": "plain",
                "optional": true
              },
              "domain": {
                "type": "string",
                "description_kind": "plain",
                "required": true
              },
              "id": {
                "type": "number",
                "description_kind": "plain",
                "computed": true
              },
              "keytag": {
                "type": "string",
                "description_kind": "plain",
                "optional": true
              },
              "public_key": {
                "type": "string",
                "description_kind": "plain",
                "optional": true
              },
              "updated_at": {
                "type": "string",
                "description_kind": "plain",
                "computed": true
              }
            },
            "description": "DNSimple domain delegation signer record resource",
            "description_kind": "markdown"
          }
        },
        "dnsimple_email_forward": {
          "version": 0,
          "block": {
            "attributes": {
              "alias_email": {
                "type": "string",
                "description_kind": "plain",
                "computed": true
              },
              "alias_name": {
                "type": "string",
                "description_kind": "plain",
                "required": true
              },
              "destination_email": {
                "type": "string",
                "description_kind": "plain",
                "required": true
              },
              "domain": {
                "type": "string",
                "description_kind": "plain",
                "required": true
              },
              "id": {
                "type": "number",
                "description_kind": "plain",
                "computed": true
              }
            },
            "description": "DNSimple email forward resource",
            "description_kind": "markdown"
          }
        },
        "dnsimple_lets_encrypt_certificate": {
          "version": 0,
          "block": {
            "attributes": {
              "alternate_names": {
                "type": [
                  "list",
                  "string"
                ],
                "description_kind": "plain",
                "optional": true
              },
              "authority_identifier": {
                "type": "string",
                "description_kind": "plain",
                "computed": true
              },
              "auto_renew": {
                "type": "bool",
                "description_kind": "plain",
                "required": true
              },
              "created_at": {
                "type": "string",
                "description_kind": "plain",
                "computed": true
              },
              "csr": {
                "type": "string",
                "description_kind": "plain",
                "computed": true
              },
              "domain_id": {
                "type": "string",
                "description_kind": "plain",
                "required": true
              },
              "expires_at": {
                "type": "string",
                "description_kind": "plain",
                "computed": true
              },
              "id": {
                "type": "number",
                "description_kind": "plain",
                "computed": true
              },
              "name": {
                "type": "string",
                "description_kind": "plain",
                "required": true
              },
              "signature_algorithm": {
                "type": "string",
                "description_kind": "plain",
                "optional": true
              },
              "state": {
                "type": "string",
                "description_kind": "plain",
                "computed": true
              },
              "updated_at": {
                "type": "string",
                "description_kind": "plain",
                "computed": true
              },
              "years": {
                "type": "number",
                "description_kind": "plain",
                "computed": true
              }
            },
            "description": "DNSimple Let's Encrypt certificate resource",
            "description_kind": "markdown"
          }
        },
        "dnsimple_registered_domain": {
          "version": 0,
          "block": {
            "attributes": {
              "account_id": {
                "type": "number",
                "description_kind": "plain",
                "computed": true
              },
              "auto_renew_enabled": {
                "type": "bool",
                "description_kind": "plain",
                "optional": true,
                "computed": true
              },
              "contact_id": {
                "type": "number",
                "description_kind": "plain",
                "required": true
              },
              "dnssec_enabled": {
                "type": "bool",
                "description_kind": "plain",
                "optional": true,
                "computed": true
              },
              "domain_registration": {
                "nested_type": {
                  "attributes": {
                    "id": {
                      "type": "number",
                      "description_kind": "plain",
                      "computed": true
                    },
                    "period": {
                      "type": "number",
                      "description_kind": "plain",
                      "computed": true
                    },
                    "state": {
                      "type": "string",
                      "description_kind": "plain",
                      "optional": true,
                      "computed": true
                    }
                  },
                  "nesting_mode": "single"
                },
                "description": "The domain registration details.",
                "description_kind": "plain",
                "computed": true
              },
              "expires_at": {
                "type": "string",
                "description_kind": "plain",
                "computed": true
              },
              "extended_attributes": {
                "type": [
                  "map",
                  "string"
                ],
                "description_kind": "plain",
                "optional": true
              },
              "id": {
                "type": "number",
                "description_kind": "plain",
                "computed": true
              },
              "name": {
                "type": "string",
                "description_kind": "plain",
                "required": true
              },
              "premium_price": {
                "type": "string",
                "description_kind": "plain",
                "optional": true
              },
              "registrant_change": {
                "nested_type": {
                  "attributes": {
                    "account_id": {
                      "type": "number",
                      "description": "DNSimple Account ID to which the registrant change belongs to",
                      "description_kind": "markdown",
                      "computed": true
                    },
                    "contact_id": {
                      "type": "number",
                      "description": "DNSimple contact ID for which the registrant change is being performed",
                      "description_kind": "markdown",
                      "computed": true
                    },
                    "domain_id": {
                      "type": "string",
                      "description": "DNSimple domain ID for which the registrant change is being performed",
                      "description_kind": "markdown",
                      "computed": true
                    },
                    "extended_attributes": {
                      "type": [
                        "map",
                        "string"
                      ],
                      "description": "Extended attributes for the registrant change",
                      "description_kind": "markdown",
                      "computed": true
                    },
                    "id": {
                      "type": "number",
                      "description_kind": "plain",
                      "computed": true
                    },
                    "irt_lock_lifted_by": {
                      "type": "string",
                      "description": "Date when the registrant change lock was lifted for the domain",
                      "description_kind": "markdown",
                      "computed": true
                    },
                    "registry_owner_change": {
                      "type": "bool",
                      "description": "True if the registrant change will result in a registry owner change",
                      "description_kind": "markdown",
                      "computed": true
                    },
                    "state": {
                      "type": "string",
                      "description": "State of the registrant change",
                      "description_kind": "markdown",
                      "optional": true,
                      "computed": true
                    }
                  },
                  "nesting_mode": "single"
                },
                "description": "The registrant change details.",
                "description_kind": "plain",
                "computed": true
              },
              "state": {
                "type": "string",
                "description_kind": "plain",
                "computed": true
              },
              "timeouts": {
                "nested_type": {
                  "attributes": {
                    "create": {
                      "type": "string",
                      "description": "Create timeout.",
                      "description_kind": "plain",
                      "optional": true
                    },
                    "delete": {
                      "type": "string",
                      "description": "Delete timeout (currently unused).",
                      "description_kind": "plain",
                      "optional": true
                    },
                    "update": {
                      "type": "string",
                      "description": "Update timeout.",
                      "description_kind": "plain",
                      "optional": true
                    }
                  },
                  "nesting_mode": "single"
                },
                "description": "Timeouts for operations, given as a parsable string as in `10m` or `30s`.",
                "description_kind": "markdown",
                "optional": true
              },
              "transfer_lock_enabled": {
                "type": "bool",
                "description_kind": "plain",
                "optional": true,
                "computed": true
              },
              "unicode_name": {
                "type": "string",
                "description_kind": "plain",
                "computed": true
              },
              "whois_privacy_enabled": {
                "type": "bool",
                "description_kind": "plain",
                "optional": true,
                "computed": true
              }
            },
            "description": "DNSimple domain resource",
            "description_kind": "markdown"
          }
        },
        "dnsimple_zone_record": {
          "version": 1,
          "block": {
            "attributes": {
              "id": {
                "type": "number",
                "description_kind": "plain",
                "computed": true
              },
              "name": {
                "type": "string",
                "description_kind": "plain",
                "required": true
              },
              "priority": {
                "type": "number",
                "description_kind": "plain",
                "optional": true,
                "computed": true
              },
              "qualified_name": {
                "type": "string",
                "description_kind": "plain",
                "computed": true
              },
              "regions": {
                "type": [
                  "list",
                  "string"
                ],
                "description_kind": "plain",
                "optional": true
              },
              "ttl": {
                "type": "number",
                "description_kind": "plain",
                "optional": true,
                "computed": true
              },
              "type": {
                "type": "string",
                "description_kind": "plain",
                "required": true
              },
              "value": {
                "type": "string",
                "description_kind": "plain",
                "required": true
              },
              "value_normalized": {
                "type": "string",
                "description_kind": "plain",
                "computed": true
              },
              "zone_id": {
                "type": "string",
                "description_kind": "plain",
                "computed": true
              },
              "zone_name": {
                "type": "string",
                "description_kind": "plain",
                "required": true
              }
            },
            "description": "DNSimple domain resource",
            "description_kind": "markdown"
          }
        }
      },
      "data_source_schemas": {
        "dnsimple_certificate": {
          "version": 0,
          "block": {
            "attributes": {
              "certificate_chain": {
                "type": [
                  "list",
                  "string"
                ],
                "description": "Certificate chain",
                "description_kind": "markdown",
                "computed": true
              },
              "certificate_id": {
                "type": "number",
                "description": "Certificate ID",
                "description_kind": "markdown",
                "required": true
              },
              "domain": {
                "type": "string",
                "description": "Domain name",
                "description_kind": "markdown",
                "required": true
              },
              "id": {
                "type": "string",
                "description_kind": "plain",
                "computed": true
              },
              "private_key": {
                "type": "string",
                "description": "Private key",
                "description_kind": "markdown",
                "computed": true
              },
              "root_certificate": {
                "type": "string",
                "description": "Root certificate",
                "description_kind": "markdown",
                "computed": true
              },
              "server_certificate": {
                "type": "string",
                "description": "Server certificate",
                "description_kind": "markdown",
                "computed": true
              }
            },
            "description": "DNSimple certificate data source",
            "description_kind": "markdown"
          }
        },
        "dnsimple_registrant_change_check": {
          "version": 0,
          "block": {
            "attributes": {
              "contact_id": {
                "type": "string",
                "description": "DNSimple contact ID for which the registrant change check is being performed",
                "description_kind": "markdown",
                "required": true
              },
              "domain_id": {
                "type": "string",
                "description": "DNSimple domain ID for which the registrant change check is being performed",
                "description_kind": "markdown",
                "required": true
              },
              "extended_attributes": {
                "type": [
                  "list",
                  [
                    "object",
                    {
                      "description": "string",
                      "name": "string",
                      "options": [
                        "list",
                        [
                          "object",
                          {
                            "description": "string",
                            "title": "string",
                            "value": "string"
                          }
                        ]
                      ],
                      "required": "bool"
                    }
                  ]
                ],
                "description": "Extended attributes for the registrant change",
                "description_kind": "markdown",
                "computed": true
              },
              "id": {
                "type": "string",
                "description_kind": "plain",
                "computed": true
              },
              "registry_owner_change": {
                "type": "bool",
                "description": "True if the registrant change will result in a registry owner change",
                "description_kind": "markdown",
                "computed": true
              }
            },
            "description": "DNSimple registrant change check data source",
            "description_kind": "markdown"
          }
        },
        "dnsimple_zone": {
          "version": 0,
          "block": {
            "attributes": {
              "account_id": {
                "type": "number",
                "description": "DNSimple Account ID to which the zone belongs to",
                "description_kind": "markdown",
                "computed": true
              },
              "id": {
                "type": "number",
                "description_kind": "plain",
                "computed": true
              },
              "name": {
                "type": "string",
                "description": "Zone Name",
                "description_kind": "markdown",
                "required": true
              },
              "reverse": {
                "type": "bool",
                "description": "True if the zone is a reverse zone",
                "description_kind": "markdown",
                "computed": true
              }
            },
            "description": "DNSimple zone data source",
            "description_kind": "markdown"
          }
        }
      }
    }
  }
}
