{
  "format_version": "1.0",
  "provider_schemas": {
    "registry.terraform.io/fastly/fastly": {
      "provider": {
        "version": 0,
        "block": {
          "attributes": {
            "api_key": {
              "type": "string",
              "description": "Fastly API Key from https://app.fastly.com/#account",
              "description_kind": "plain",
              "optional": true
            },
            "base_url": {
              "type": "string",
              "description": "Fastly API URL",
              "description_kind": "plain",
              "optional": true
            },
            "force_http2": {
              "type": "bool",
              "description": "Set this to `true` to disable HTTP/1.x fallback mechanism that the underlying Go library will attempt upon connection to `api.fastly.com:443` by default. This may slightly improve the provider's performance and reduce unnecessary TLS handshakes. Default: `false`",
              "description_kind": "plain",
              "optional": true
            },
            "no_auth": {
              "type": "bool",
              "description": "Set to `true` if your configuration only consumes data sources that do not require authentication, such as `fastly_ip_ranges`",
              "description_kind": "plain",
              "optional": true
            }
          },
          "description_kind": "plain"
        }
      },
      "resource_schemas": {
        "fastly_service_acl_entries": {
          "version": 0,
          "block": {
            "attributes": {
              "acl_id": {
                "type": "string",
                "description": "The ID of the ACL that the items belong to",
                "description_kind": "plain",
                "required": true
              },
              "id": {
                "type": "string",
                "description_kind": "plain",
                "optional": true,
                "computed": true
              },
              "manage_entries": {
                "type": "bool",
                "description": "Whether to reapply changes if the state of the entries drifts, i.e. if entries are managed externally",
                "description_kind": "plain",
                "optional": true
              },
              "service_id": {
                "type": "string",
                "description": "The ID of the Service that the ACL belongs to",
                "description_kind": "plain",
                "required": true
              }
            },
            "block_types": {
              "entry": {
                "nesting_mode": "set",
                "block": {
                  "attributes": {
                    "comment": {
                      "type": "string",
                      "description": "A personal freeform descriptive note",
                      "description_kind": "plain",
                      "optional": true
                    },
                    "id": {
                      "type": "string",
                      "description": "The unique ID of the entry",
                      "description_kind": "plain",
                      "computed": true
                    },
                    "ip": {
                      "type": "string",
                      "description": "An IP address that is the focus for the ACL",
                      "description_kind": "plain",
                      "required": true
                    },
                    "negated": {
                      "type": "bool",
                      "description": "A boolean that will negate the match if true",
                      "description_kind": "plain",
                      "optional": true
                    },
                    "subnet": {
                      "type": "string",
                      "description": "An optional subnet mask applied to the IP address",
                      "description_kind": "plain",
                      "optional": true
                    }
                  },
                  "description": "ACL Entries",
                  "description_kind": "plain"
                },
                "max_items": 10000
              }
            },
            "description_kind": "plain"
          }
        },
        "fastly_service_authorization": {
          "version": 0,
          "block": {
            "attributes": {
              "id": {
                "type": "string",
                "description": "The ID of this service authorization.",
                "description_kind": "plain",
                "computed": true
              },
              "permission": {
                "type": "string",
                "description": "The permissions to grant the user. Can be `full`, `read_only`, `purge_select` or `purge_all`.",
                "description_kind": "plain",
                "required": true
              },
              "service_id": {
                "type": "string",
                "description": "The ID of the service to grant permissions for.",
                "description_kind": "plain",
                "required": true
              },
              "user_id": {
                "type": "string",
                "description": "The ID of the user which will receive the granted permissions.",
                "description_kind": "plain",
                "required": true
              }
            },
            "description_kind": "plain"
          }
        },
        "fastly_service_compute": {
          "version": 0,
          "block": {
            "attributes": {
              "activate": {
                "type": "bool",
                "description": "Conditionally prevents the Service from being activated. The apply step will continue to create a new draft version but will not activate it if this is set to `false`. Default `true`",
                "description_kind": "plain",
                "optional": true
              },
              "active_version": {
                "type": "number",
                "description": "The currently active version of your Fastly Service",
                "description_kind": "plain",
                "computed": true
              },
              "cloned_version": {
                "type": "number",
                "description": "The latest cloned version by the provider",
                "description_kind": "plain",
                "computed": true
              },
              "comment": {
                "type": "string",
                "description": "Description field for the service. Default `Managed by Terraform`",
                "description_kind": "plain",
                "optional": true
              },
              "force_destroy": {
                "type": "bool",
                "description": "Services that are active cannot be destroyed. In order to destroy the Service, set `force_destroy` to `true`. Default `false`",
                "description_kind": "plain",
                "optional": true
              },
              "force_refresh": {
                "type": "bool",
                "description": "Used internally by the provider to temporarily indicate if all resources should call their associated API to update the local state. This is for scenarios where the service version has been reverted outside of Terraform (e.g. via the Fastly UI) and the provider needs to resync the state for a different active version (this is only if `activate` is `true`).",
                "description_kind": "plain",
                "computed": true
              },
              "id": {
                "type": "string",
                "description_kind": "plain",
                "optional": true,
                "computed": true
              },
              "imported": {
                "type": "bool",
                "description": "Used internally by the provider to temporarily indicate if the service is being imported, and is reset to false once the import is finished",
                "description_kind": "plain",
                "computed": true
              },
              "name": {
                "type": "string",
                "description": "The unique name for the Service to create",
                "description_kind": "plain",
                "required": true
              },
              "reuse": {
                "type": "bool",
                "description": "Services that are active cannot be destroyed. If set to `true` a service Terraform intends to destroy will instead be deactivated (allowing it to be reused by importing it into another Terraform project). If `false`, attempting to destroy an active service will cause an error. Default `false`",
                "description_kind": "plain",
                "optional": true
              },
              "version_comment": {
                "type": "string",
                "description": "Description field for the version",
                "description_kind": "plain",
                "optional": true
              }
            },
            "block_types": {
              "backend": {
                "nesting_mode": "set",
                "block": {
                  "attributes": {
                    "address": {
                      "type": "string",
                      "description": "An IPv4, hostname, or IPv6 address for the Backend",
                      "description_kind": "plain",
                      "required": true
                    },
                    "between_bytes_timeout": {
                      "type": "number",
                      "description": "How long to wait between bytes in milliseconds. Default `10000`",
                      "description_kind": "plain",
                      "optional": true
                    },
                    "connect_timeout": {
                      "type": "number",
                      "description": "How long to wait for a timeout in milliseconds. Default `1000`",
                      "description_kind": "plain",
                      "optional": true
                    },
                    "error_threshold": {
                      "type": "number",
                      "description": "Number of errors to allow before the Backend is marked as down. Default `0`",
                      "description_kind": "plain",
                      "optional": true
                    },
                    "first_byte_timeout": {
                      "type": "number",
                      "description": "How long to wait for the first bytes in milliseconds. Default `15000`",
                      "description_kind": "plain",
                      "optional": true
                    },
                    "healthcheck": {
                      "type": "string",
                      "description": "Name of a defined `healthcheck` to assign to this backend",
                      "description_kind": "plain",
                      "optional": true
                    },
                    "keepalive_time": {
                      "type": "number",
                      "description": "How long in seconds to keep a persistent connection to the backend between requests.",
                      "description_kind": "plain",
                      "optional": true
                    },
                    "max_conn": {
                      "type": "number",
                      "description": "Maximum number of connections for this Backend. Default `200`",
                      "description_kind": "plain",
                      "optional": true
                    },
                    "max_tls_version": {
                      "type": "string",
                      "description": "Maximum allowed TLS version on SSL connections to this backend.",
                      "description_kind": "plain",
                      "optional": true
                    },
                    "min_tls_version": {
                      "type": "string",
                      "description": "Minimum allowed TLS version on SSL connections to this backend.",
                      "description_kind": "plain",
                      "optional": true
                    },
                    "name": {
                      "type": "string",
                      "description": "Name for this Backend. Must be unique to this Service. It is important to note that changing this attribute will delete and recreate the resource",
                      "description_kind": "plain",
                      "required": true
                    },
                    "override_host": {
                      "type": "string",
                      "description": "The hostname to override the Host header",
                      "description_kind": "plain",
                      "optional": true
                    },
                    "port": {
                      "type": "number",
                      "description": "The port number on which the Backend responds. Default `80`",
                      "description_kind": "plain",
                      "optional": true
                    },
                    "shield": {
                      "type": "string",
                      "description": "The POP of the shield designated to reduce inbound load. Valid values for `shield` are included in the `GET /datacenters` API response",
                      "description_kind": "plain",
                      "optional": true
                    },
                    "ssl_ca_cert": {
                      "type": "string",
                      "description": "CA certificate attached to origin.",
                      "description_kind": "plain",
                      "optional": true
                    },
                    "ssl_cert_hostname": {
                      "type": "string",
                      "description": "Configure certificate validation. Does not affect SNI at all",
                      "description_kind": "plain",
                      "optional": true
                    },
                    "ssl_check_cert": {
                      "type": "bool",
                      "description": "Be strict about checking SSL certs. Default `true`",
                      "description_kind": "plain",
                      "optional": true
                    },
                    "ssl_ciphers": {
                      "type": "string",
                      "description": "Cipher list consisting of one or more cipher strings separated by colons. Commas or spaces are also acceptable separators but colons are normally used.",
                      "description_kind": "plain",
                      "optional": true
                    },
                    "ssl_client_cert": {
                      "type": "string",
                      "description": "Client certificate attached to origin. Used when connecting to the backend",
                      "description_kind": "plain",
                      "optional": true,
                      "sensitive": true
                    },
                    "ssl_client_key": {
                      "type": "string",
                      "description": "Client key attached to origin. Used when connecting to the backend",
                      "description_kind": "plain",
                      "optional": true,
                      "sensitive": true
                    },
                    "ssl_sni_hostname": {
                      "type": "string",
                      "description": "Configure SNI in the TLS handshake. Does not affect cert validation at all",
                      "description_kind": "plain",
                      "optional": true
                    },
                    "use_ssl": {
                      "type": "bool",
                      "description": "Whether or not to use SSL to reach the Backend. Default `false`",
                      "description_kind": "plain",
                      "optional": true
                    },
                    "weight": {
                      "type": "number",
                      "description": "The [portion of traffic](https://docs.fastly.com/en/guides/load-balancing-configuration#how-weight-affects-load-balancing) to send to this Backend. Each Backend receives weight / total of the traffic. Default `100`",
                      "description_kind": "plain",
                      "optional": true
                    }
                  },
                  "description_kind": "plain"
                }
              },
              "dictionary": {
                "nesting_mode": "set",
                "block": {
                  "attributes": {
                    "dictionary_id": {
                      "type": "string",
                      "description": "The ID of the dictionary",
                      "description_kind": "plain",
                      "computed": true
                    },
                    "force_destroy": {
                      "type": "bool",
                      "description": "Allow the dictionary to be deleted, even if it contains entries. Defaults to false.",
                      "description_kind": "plain",
                      "optional": true
                    },
                    "name": {
                      "type": "string",
                      "description": "A unique name to identify this dictionary. It is important to note that changing this attribute will delete and recreate the dictionary, and discard the current items in the dictionary",
                      "description_kind": "plain",
                      "required": true
                    },
                    "write_only": {
                      "type": "bool",
                      "description": "If `true`, the dictionary is a [private dictionary](https://docs.fastly.com/en/guides/private-dictionaries). Default is `false`. Please note that changing this attribute will delete and recreate the dictionary, and discard the current items in the dictionary. `fastly_service_vcl` resource will only manage the dictionary object itself, and items under private dictionaries can not be managed using [`fastly_service_dictionary_items`](https://registry.terraform.io/providers/fastly/fastly/latest/docs/resources/service_dictionary_items#limitations) resource. Therefore, using a write-only/private dictionary should only be done if the items are managed outside of Terraform",
                      "description_kind": "plain",
                      "optional": true
                    }
                  },
                  "description_kind": "plain"
                }
              },
              "domain": {
                "nesting_mode": "set",
                "block": {
                  "attributes": {
                    "comment": {
                      "type": "string",
                      "description": "An optional comment about the Domain.",
                      "description_kind": "plain",
                      "optional": true
                    },
                    "name": {
                      "type": "string",
                      "description": "The domain that this Service will respond to. It is important to note that changing this attribute will delete and recreate the resource.",
                      "description_kind": "plain",
                      "required": true
                    }
                  },
                  "description": "A set of Domain names to serve as entry points for your Service",
                  "description_kind": "plain"
                },
                "min_items": 1
              },
              "logging_bigquery": {
                "nesting_mode": "set",
                "block": {
                  "attributes": {
                    "account_name": {
                      "type": "string",
                      "description": "The google account name used to obtain temporary credentials (default none). You may optionally provide this via an environment variable, `FASTLY_GCS_ACCOUNT_NAME`.",
                      "description_kind": "plain",
                      "optional": true
                    },
                    "dataset": {
                      "type": "string",
                      "description": "The ID of your BigQuery dataset",
                      "description_kind": "plain",
                      "required": true
                    },
                    "email": {
                      "type": "string",
                      "description": "The email for the service account with write access to your BigQuery dataset. If not provided, this will be pulled from a `FASTLY_BQ_EMAIL` environment variable",
                      "description_kind": "plain",
                      "optional": true,
                      "sensitive": true
                    },
                    "name": {
                      "type": "string",
                      "description": "A unique name to identify this BigQuery logging endpoint. It is important to note that changing this attribute will delete and recreate the resource",
                      "description_kind": "plain",
                      "required": true
                    },
                    "project_id": {
                      "type": "string",
                      "description": "The ID of your GCP project",
                      "description_kind": "plain",
                      "required": true
                    },
                    "secret_key": {
                      "type": "string",
                      "description": "The secret key associated with the service account that has write access to your BigQuery table. If not provided, this will be pulled from the `FASTLY_BQ_SECRET_KEY` environment variable. Typical format for this is a private key in a string with newlines",
                      "description_kind": "plain",
                      "optional": true,
                      "sensitive": true
                    },
                    "table": {
                      "type": "string",
                      "description": "The ID of your BigQuery table",
                      "description_kind": "plain",
                      "required": true
                    },
                    "template": {
                      "type": "string",
                      "description": "BigQuery table name suffix template",
                      "description_kind": "plain",
                      "optional": true
                    }
                  },
                  "description_kind": "plain"
                }
              },
              "logging_blobstorage": {
                "nesting_mode": "set",
                "block": {
                  "attributes": {
                    "account_name": {
                      "type": "string",
                      "description": "The unique Azure Blob Storage namespace in which your data objects are stored",
                      "description_kind": "plain",
                      "required": true
                    },
                    "compression_codec": {
                      "type": "string",
                      "description": "The codec used for compression of your logs. Valid values are zstd, snappy, and gzip. If the specified codec is \"gzip\", gzip_level will default to 3. To specify a different level, leave compression_codec blank and explicitly set the level using gzip_level. Specifying both compression_codec and gzip_level in the same API request will result in an error.",
                      "description_kind": "plain",
                      "optional": true
                    },
                    "container": {
                      "type": "string",
                      "description": "The name of the Azure Blob Storage container in which to store logs",
                      "description_kind": "plain",
                      "required": true
                    },
                    "file_max_bytes": {
                      "type": "number",
                      "description": "Maximum size of an uploaded log file, if non-zero.",
                      "description_kind": "plain",
                      "optional": true
                    },
                    "gzip_level": {
                      "type": "number",
                      "description": "Level of Gzip compression from `0-9`. `0` means no compression. `1` is the fastest and the least compressed version, `9` is the slowest and the most compressed version. Default `0`",
                      "description_kind": "plain",
                      "optional": true
                    },
                    "message_type": {
                      "type": "string",
                      "description": "How the message should be formatted. Can be either `classic`, `loggly`, `logplex` or `blank`. Default is `classic`",
                      "description_kind": "plain",
                      "optional": true
                    },
                    "name": {
                      "type": "string",
                      "description": "A unique name to identify the Azure Blob Storage endpoint. It is important to note that changing this attribute will delete and recreate the resource",
                      "description_kind": "plain",
                      "required": true
                    },
                    "path": {
                      "type": "string",
                      "description": "The path to upload logs to. Must end with a trailing slash. If this field is left empty, the files will be saved in the container's root path",
                      "description_kind": "plain",
                      "optional": true
                    },
                    "period": {
                      "type": "number",
                      "description": "How frequently the logs should be transferred in seconds. Default `3600`",
                      "description_kind": "plain",
                      "optional": true
                    },
                    "public_key": {
                      "type": "string",
                      "description": "A PGP public key that Fastly will use to encrypt your log files before writing them to disk",
                      "description_kind": "plain",
                      "optional": true
                    },
                    "sas_token": {
                      "type": "string",
                      "description": "The Azure shared access signature providing write access to the blob service objects. Be sure to update your token before it expires or the logging functionality will not work",
                      "description_kind": "plain",
                      "optional": true,
                      "sensitive": true
                    },
                    "timestamp_format": {
                      "type": "string",
                      "description": "The `strftime` specified timestamp formatting (default `%Y-%m-%dT%H:%M:%S.000`)",
                      "description_kind": "plain",
                      "optional": true
                    }
                  },
                  "description_kind": "plain"
                }
              },
              "logging_cloudfiles": {
                "nesting_mode": "set",
                "block": {
                  "attributes": {
                    "access_key": {
                      "type": "string",
                      "description": "Your Cloud File account access key",
                      "description_kind": "plain",
                      "required": true,
                      "sensitive": true
                    },
                    "bucket_name": {
                      "type": "string",
                      "description": "The name of your Cloud Files container",
                      "description_kind": "plain",
                      "required": true
                    },
                    "compression_codec": {
                      "type": "string",
                      "description": "The codec used for compression of your logs. Valid values are zstd, snappy, and gzip. If the specified codec is \"gzip\", gzip_level will default to 3. To specify a different level, leave compression_codec blank and explicitly set the level using gzip_level. Specifying both compression_codec and gzip_level in the same API request will result in an error.",
                      "description_kind": "plain",
                      "optional": true
                    },
                    "gzip_level": {
                      "type": "number",
                      "description": "Level of Gzip compression from `0-9`. `0` means no compression. `1` is the fastest and the least compressed version, `9` is the slowest and the most compressed version. Default `0`",
                      "description_kind": "plain",
                      "optional": true
                    },
                    "message_type": {
                      "type": "string",
                      "description": "How the message should be formatted. Can be either `classic`, `loggly`, `logplex` or `blank`. Default is `classic`",
                      "description_kind": "plain",
                      "optional": true
                    },
                    "name": {
                      "type": "string",
                      "description": "The unique name of the Rackspace Cloud Files logging endpoint. It is important to note that changing this attribute will delete and recreate the resource",
                      "description_kind": "plain",
                      "required": true
                    },
                    "path": {
                      "type": "string",
                      "description": "The path to upload logs to",
                      "description_kind": "plain",
                      "optional": true
                    },
                    "period": {
                      "type": "number",
                      "description": "How frequently log files are finalized so they can be available for reading (in seconds, default `3600`)",
                      "description_kind": "plain",
                      "optional": true
                    },
                    "public_key": {
                      "type": "string",
                      "description": "The PGP public key that Fastly will use to encrypt your log files before writing them to disk",
                      "description_kind": "plain",
                      "optional": true
                    },
                    "region": {
                      "type": "string",
                      "description": "The region to stream logs to. One of: DFW (Dallas), ORD (Chicago), IAD (Northern Virginia), LON (London), SYD (Sydney), HKG (Hong Kong)",
                      "description_kind": "plain",
                      "optional": true
                    },
                    "timestamp_format": {
                      "type": "string",
                      "description": "The `strftime` specified timestamp formatting (default `%Y-%m-%dT%H:%M:%S.000`)",
                      "description_kind": "plain",
                      "optional": true
                    },
                    "user": {
                      "type": "string",
                      "description": "The username for your Cloud Files account",
                      "description_kind": "plain",
                      "required": true
                    }
                  },
                  "description_kind": "plain"
                }
              },
              "logging_datadog": {
                "nesting_mode": "set",
                "block": {
                  "attributes": {
                    "name": {
                      "type": "string",
                      "description": "The unique name of the Datadog logging endpoint. It is important to note that changing this attribute will delete and recreate the resource",
                      "description_kind": "plain",
                      "required": true
                    },
                    "region": {
                      "type": "string",
                      "description": "The region that log data will be sent to. One of `US` or `EU`. Defaults to `US` if undefined",
                      "description_kind": "plain",
                      "optional": true
                    },
                    "token": {
                      "type": "string",
                      "description": "The API key from your Datadog account",
                      "description_kind": "plain",
                      "required": true,
                      "sensitive": true
                    }
                  },
                  "description_kind": "plain"
                }
              },
              "logging_digitalocean": {
                "nesting_mode": "set",
                "block": {
                  "attributes": {
                    "access_key": {
                      "type": "string",
                      "description": "Your DigitalOcean Spaces account access key",
                      "description_kind": "plain",
                      "required": true,
                      "sensitive": true
                    },
                    "bucket_name": {
                      "type": "string",
                      "description": "The name of the DigitalOcean Space",
                      "description_kind": "plain",
                      "required": true
                    },
                    "compression_codec": {
                      "type": "string",
                      "description": "The codec used for compression of your logs. Valid values are zstd, snappy, and gzip. If the specified codec is \"gzip\", gzip_level will default to 3. To specify a different level, leave compression_codec blank and explicitly set the level using gzip_level. Specifying both compression_codec and gzip_level in the same API request will result in an error.",
                      "description_kind": "plain",
                      "optional": true
                    },
                    "domain": {
                      "type": "string",
                      "description": "The domain of the DigitalOcean Spaces endpoint (default `nyc3.digitaloceanspaces.com`)",
                      "description_kind": "plain",
                      "optional": true
                    },
                    "gzip_level": {
                      "type": "number",
                      "description": "Level of Gzip compression from `0-9`. `0` means no compression. `1` is the fastest and the least compressed version, `9` is the slowest and the most compressed version. Default `0`",
                      "description_kind": "plain",
                      "optional": true
                    },
                    "message_type": {
                      "type": "string",
                      "description": "How the message should be formatted. Can be either `classic`, `loggly`, `logplex` or `blank`. Default is `classic`",
                      "description_kind": "plain",
                      "optional": true
                    },
                    "name": {
                      "type": "string",
                      "description": "The unique name of the DigitalOcean Spaces logging endpoint. It is important to note that changing this attribute will delete and recreate the resource",
                      "description_kind": "plain",
                      "required": true
                    },
                    "path": {
                      "type": "string",
                      "description": "The path to upload logs to",
                      "description_kind": "plain",
                      "optional": true
                    },
                    "period": {
                      "type": "number",
                      "description": "How frequently log files are finalized so they can be available for reading (in seconds, default `3600`)",
                      "description_kind": "plain",
                      "optional": true
                    },
                    "public_key": {
                      "type": "string",
                      "description": "A PGP public key that Fastly will use to encrypt your log files before writing them to disk",
                      "description_kind": "plain",
                      "optional": true
                    },
                    "secret_key": {
                      "type": "string",
                      "description": "Your DigitalOcean Spaces account secret key",
                      "description_kind": "plain",
                      "required": true,
                      "sensitive": true
                    },
                    "timestamp_format": {
                      "type": "string",
                      "description": "The `strftime` specified timestamp formatting (default `%Y-%m-%dT%H:%M:%S.000`)",
                      "description_kind": "plain",
                      "optional": true
                    }
                  },
                  "description_kind": "plain"
                }
              },
              "logging_elasticsearch": {
                "nesting_mode": "set",
                "block": {
                  "attributes": {
                    "index": {
                      "type": "string",
                      "description": "The name of the Elasticsearch index to send documents (logs) to",
                      "description_kind": "plain",
                      "required": true
                    },
                    "name": {
                      "type": "string",
                      "description": "The unique name of the Elasticsearch logging endpoint. It is important to note that changing this attribute will delete and recreate the resource",
                      "description_kind": "plain",
                      "required": true
                    },
                    "password": {
                      "type": "string",
                      "description": "BasicAuth password for Elasticsearch",
                      "description_kind": "plain",
                      "optional": true,
                      "sensitive": true
                    },
                    "pipeline": {
                      "type": "string",
                      "description": "The ID of the Elasticsearch ingest pipeline to apply pre-process transformations to before indexing",
                      "description_kind": "plain",
                      "optional": true
                    },
                    "request_max_bytes": {
                      "type": "number",
                      "description": "The maximum number of logs sent in one request. Defaults to `0` for unbounded",
                      "description_kind": "plain",
                      "optional": true
                    },
                    "request_max_entries": {
                      "type": "number",
                      "description": "The maximum number of bytes sent in one request. Defaults to `0` for unbounded",
                      "description_kind": "plain",
                      "optional": true
                    },
                    "tls_ca_cert": {
                      "type": "string",
                      "description": "A secure certificate to authenticate the server with. Must be in PEM format",
                      "description_kind": "plain",
                      "optional": true
                    },
                    "tls_client_cert": {
                      "type": "string",
                      "description": "The client certificate used to make authenticated requests. Must be in PEM format",
                      "description_kind": "plain",
                      "optional": true
                    },
                    "tls_client_key": {
                      "type": "string",
                      "description": "The client private key used to make authenticated requests. Must be in PEM format",
                      "description_kind": "plain",
                      "optional": true,
                      "sensitive": true
                    },
                    "tls_hostname": {
                      "type": "string",
                      "description": "The hostname used to verify the server's certificate. It can either be the Common Name (CN) or a Subject Alternative Name (SAN)",
                      "description_kind": "plain",
                      "optional": true
                    },
                    "url": {
                      "type": "string",
                      "description": "The Elasticsearch URL to stream logs to",
                      "description_kind": "plain",
                      "required": true
                    },
                    "user": {
                      "type": "string",
                      "description": "BasicAuth username for Elasticsearch",
                      "description_kind": "plain",
                      "optional": true
                    }
                  },
                  "description_kind": "plain"
                }
              },
              "logging_ftp": {
                "nesting_mode": "set",
                "block": {
                  "attributes": {
                    "address": {
                      "type": "string",
                      "description": "The FTP address to stream logs to",
                      "description_kind": "plain",
                      "required": true
                    },
                    "compression_codec": {
                      "type": "string",
                      "description": "The codec used for compression of your logs. Valid values are zstd, snappy, and gzip. If the specified codec is \"gzip\", gzip_level will default to 3. To specify a different level, leave compression_codec blank and explicitly set the level using gzip_level. Specifying both compression_codec and gzip_level in the same API request will result in an error.",
                      "description_kind": "plain",
                      "optional": true
                    },
                    "gzip_level": {
                      "type": "number",
                      "description": "Level of Gzip compression from `0-9`. `0` means no compression. `1` is the fastest and the least compressed version, `9` is the slowest and the most compressed version. Default `0`",
                      "description_kind": "plain",
                      "optional": true
                    },
                    "message_type": {
                      "type": "string",
                      "description": "How the message should be formatted. Can be either `classic`, `loggly`, `logplex` or `blank`. Default is `classic`",
                      "description_kind": "plain",
                      "optional": true
                    },
                    "name": {
                      "type": "string",
                      "description": "The unique name of the FTP logging endpoint. It is important to note that changing this attribute will delete and recreate the resource",
                      "description_kind": "plain",
                      "required": true
                    },
                    "password": {
                      "type": "string",
                      "description": "The password for the server (for anonymous use an email address)",
                      "description_kind": "plain",
                      "required": true,
                      "sensitive": true
                    },
                    "path": {
                      "type": "string",
                      "description": "The path to upload log files to. If the path ends in `/` then it is treated as a directory",
                      "description_kind": "plain",
                      "required": true
                    },
                    "period": {
                      "type": "number",
                      "description": "How frequently the logs should be transferred, in seconds (Default `3600`)",
                      "description_kind": "plain",
                      "optional": true
                    },
                    "port": {
                      "type": "number",
                      "description": "The port number. Default: `21`",
                      "description_kind": "plain",
                      "optional": true
                    },
                    "public_key": {
                      "type": "string",
                      "description": "The PGP public key that Fastly will use to encrypt your log files before writing them to disk",
                      "description_kind": "plain",
                      "optional": true
                    },
                    "timestamp_format": {
                      "type": "string",
                      "description": "The `strftime` specified timestamp formatting (default `%Y-%m-%dT%H:%M:%S.000`)",
                      "description_kind": "plain",
                      "optional": true
                    },
                    "user": {
                      "type": "string",
                      "description": "The username for the server (can be `anonymous`)",
                      "description_kind": "plain",
                      "required": true
                    }
                  },
                  "description_kind": "plain"
                }
              },
              "logging_gcs": {
                "nesting_mode": "set",
                "block": {
                  "attributes": {
                    "account_name": {
                      "type": "string",
                      "description": "The google account name used to obtain temporary credentials (default none). You may optionally provide this via an environment variable, `FASTLY_GCS_ACCOUNT_NAME`.",
                      "description_kind": "plain",
                      "optional": true
                    },
                    "bucket_name": {
                      "type": "string",
                      "description": "The name of the bucket in which to store the logs",
                      "description_kind": "plain",
                      "required": true
                    },
                    "compression_codec": {
                      "type": "string",
                      "description": "The codec used for compression of your logs. Valid values are zstd, snappy, and gzip. If the specified codec is \"gzip\", gzip_level will default to 3. To specify a different level, leave compression_codec blank and explicitly set the level using gzip_level. Specifying both compression_codec and gzip_level in the same API request will result in an error.",
                      "description_kind": "plain",
                      "optional": true
                    },
                    "gzip_level": {
                      "type": "number",
                      "description": "Level of Gzip compression from `0-9`. `0` means no compression. `1` is the fastest and the least compressed version, `9` is the slowest and the most compressed version. Default `0`",
                      "description_kind": "plain",
                      "optional": true
                    },
                    "message_type": {
                      "type": "string",
                      "description": "How the message should be formatted. Can be either `classic`, `loggly`, `logplex` or `blank`. Default is `classic`",
                      "description_kind": "plain",
                      "optional": true
                    },
                    "name": {
                      "type": "string",
                      "description": "A unique name to identify this GCS endpoint. It is important to note that changing this attribute will delete and recreate the resource",
                      "description_kind": "plain",
                      "required": true
                    },
                    "path": {
                      "type": "string",
                      "description": "Path to store the files. Must end with a trailing slash. If this field is left empty, the files will be saved in the bucket's root path",
                      "description_kind": "plain",
                      "optional": true
                    },
                    "period": {
                      "type": "number",
                      "description": "How frequently the logs should be transferred, in seconds (Default 3600)",
                      "description_kind": "plain",
                      "optional": true
                    },
                    "secret_key": {
                      "type": "string",
                      "description": "The secret key associated with the target gcs bucket on your account. You may optionally provide this secret via an environment variable, `FASTLY_GCS_SECRET_KEY`. A typical format for the key is PEM format, containing actual newline characters where required",
                      "description_kind": "plain",
                      "optional": true,
                      "sensitive": true
                    },
                    "timestamp_format": {
                      "type": "string",
                      "description": "The `strftime` specified timestamp formatting (default `%Y-%m-%dT%H:%M:%S.000`)",
                      "description_kind": "plain",
                      "optional": true
                    },
                    "user": {
                      "type": "string",
                      "description": "Your Google Cloud Platform service account email address. The `client_email` field in your service account authentication JSON. You may optionally provide this via an environment variable, `FASTLY_GCS_EMAIL`.",
                      "description_kind": "plain",
                      "optional": true
                    }
                  },
                  "description_kind": "plain"
                }
              },
              "logging_googlepubsub": {
                "nesting_mode": "set",
                "block": {
                  "attributes": {
                    "account_name": {
                      "type": "string",
                      "description": "The google account name used to obtain temporary credentials (default none). You may optionally provide this via an environment variable, `FASTLY_GCS_ACCOUNT_NAME`.",
                      "description_kind": "plain",
                      "optional": true
                    },
                    "name": {
                      "type": "string",
                      "description": "The unique name of the Google Cloud Pub/Sub logging endpoint. It is important to note that changing this attribute will delete and recreate the resource",
                      "description_kind": "plain",
                      "required": true
                    },
                    "project_id": {
                      "type": "string",
                      "description": "The ID of your Google Cloud Platform project",
                      "description_kind": "plain",
                      "required": true
                    },
                    "secret_key": {
                      "type": "string",
                      "description": "Your Google Cloud Platform account secret key. The `private_key` field in your service account authentication JSON. You may optionally provide this secret via an environment variable, `FASTLY_GOOGLE_PUBSUB_SECRET_KEY`.",
                      "description_kind": "plain",
                      "optional": true,
                      "sensitive": true
                    },
                    "topic": {
                      "type": "string",
                      "description": "The Google Cloud Pub/Sub topic to which logs will be published",
                      "description_kind": "plain",
                      "required": true
                    },
                    "user": {
                      "type": "string",
                      "description": "Your Google Cloud Platform service account email address. The `client_email` field in your service account authentication JSON. You may optionally provide this via an environment variable, `FASTLY_GOOGLE_PUBSUB_EMAIL`.",
                      "description_kind": "plain",
                      "optional": true
                    }
                  },
                  "description_kind": "plain"
                }
              },
              "logging_heroku": {
                "nesting_mode": "set",
                "block": {
                  "attributes": {
                    "name": {
                      "type": "string",
                      "description": "The unique name of the Heroku logging endpoint. It is important to note that changing this attribute will delete and recreate the resource",
                      "description_kind": "plain",
                      "required": true
                    },
                    "token": {
                      "type": "string",
                      "description": "The token to use for authentication (https://www.heroku.com/docs/customer-token-authentication-token/)",
                      "description_kind": "plain",
                      "required": true,
                      "sensitive": true
                    },
                    "url": {
                      "type": "string",
                      "description": "The URL to stream logs to",
                      "description_kind": "plain",
                      "required": true
                    }
                  },
                  "description_kind": "plain"
                }
              },
              "logging_honeycomb": {
                "nesting_mode": "set",
                "block": {
                  "attributes": {
                    "dataset": {
                      "type": "string",
                      "description": "The Honeycomb Dataset you want to log to",
                      "description_kind": "plain",
                      "required": true
                    },
                    "name": {
                      "type": "string",
                      "description": "The unique name of the Honeycomb logging endpoint. It is important to note that changing this attribute will delete and recreate the resource",
                      "description_kind": "plain",
                      "required": true
                    },
                    "token": {
                      "type": "string",
                      "description": "The Write Key from the Account page of your Honeycomb account",
                      "description_kind": "plain",
                      "required": true,
                      "sensitive": true
                    }
                  },
                  "description_kind": "plain"
                }
              },
              "logging_https": {
                "nesting_mode": "set",
                "block": {
                  "attributes": {
                    "content_type": {
                      "type": "string",
                      "description": "Value of the `Content-Type` header sent with the request",
                      "description_kind": "plain",
                      "optional": true
                    },
                    "header_name": {
                      "type": "string",
                      "description": "Custom header sent with the request",
                      "description_kind": "plain",
                      "optional": true
                    },
                    "header_value": {
                      "type": "string",
                      "description": "Value of the custom header sent with the request",
                      "description_kind": "plain",
                      "optional": true
                    },
                    "json_format": {
                      "type": "string",
                      "description": "Formats log entries as JSON. Can be either disabled (`0`), array of json (`1`), or newline delimited json (`2`)",
                      "description_kind": "plain",
                      "optional": true
                    },
                    "message_type": {
                      "type": "string",
                      "description": "How the message should be formatted. Can be either `classic`, `loggly`, `logplex` or `blank`. Default is `classic`",
                      "description_kind": "plain",
                      "optional": true
                    },
                    "method": {
                      "type": "string",
                      "description": "HTTP method used for request. Can be either `POST` or `PUT`. Default `POST`",
                      "description_kind": "plain",
                      "optional": true
                    },
                    "name": {
                      "type": "string",
                      "description": "The unique name of the HTTPS logging endpoint. It is important to note that changing this attribute will delete and recreate the resource",
                      "description_kind": "plain",
                      "required": true
                    },
                    "request_max_bytes": {
                      "type": "number",
                      "description": "The maximum number of bytes sent in one request",
                      "description_kind": "plain",
                      "optional": true
                    },
                    "request_max_entries": {
                      "type": "number",
                      "description": "The maximum number of logs sent in one request",
                      "description_kind": "plain",
                      "optional": true
                    },
                    "tls_ca_cert": {
                      "type": "string",
                      "description": "A secure certificate to authenticate the server with. Must be in PEM format",
                      "description_kind": "plain",
                      "optional": true
                    },
                    "tls_client_cert": {
                      "type": "string",
                      "description": "The client certificate used to make authenticated requests. Must be in PEM format",
                      "description_kind": "plain",
                      "optional": true
                    },
                    "tls_client_key": {
                      "type": "string",
                      "description": "The client private key used to make authenticated requests. Must be in PEM format",
                      "description_kind": "plain",
                      "optional": true,
                      "sensitive": true
                    },
                    "tls_hostname": {
                      "type": "string",
                      "description": "Used during the TLS handshake to validate the certificate",
                      "description_kind": "plain",
                      "optional": true
                    },
                    "url": {
                      "type": "string",
                      "description": "URL that log data will be sent to. Must use the https protocol",
                      "description_kind": "plain",
                      "required": true
                    }
                  },
                  "description_kind": "plain"
                }
              },
              "logging_kafka": {
                "nesting_mode": "set",
                "block": {
                  "attributes": {
                    "auth_method": {
                      "type": "string",
                      "description": "SASL authentication method. One of: plain, scram-sha-256, scram-sha-512",
                      "description_kind": "plain",
                      "optional": true
                    },
                    "brokers": {
                      "type": "string",
                      "description": "A comma-separated list of IP addresses or hostnames of Kafka brokers",
                      "description_kind": "plain",
                      "required": true
                    },
                    "compression_codec": {
                      "type": "string",
                      "description": "The codec used for compression of your logs. One of: `gzip`, `snappy`, `lz4`",
                      "description_kind": "plain",
                      "optional": true
                    },
                    "name": {
                      "type": "string",
                      "description": "The unique name of the Kafka logging endpoint. It is important to note that changing this attribute will delete and recreate the resource",
                      "description_kind": "plain",
                      "required": true
                    },
                    "parse_log_keyvals": {
                      "type": "bool",
                      "description": "Enables parsing of key=value tuples from the beginning of a logline, turning them into record headers",
                      "description_kind": "plain",
                      "optional": true
                    },
                    "password": {
                      "type": "string",
                      "description": "SASL Pass",
                      "description_kind": "plain",
                      "optional": true,
                      "sensitive": true
                    },
                    "request_max_bytes": {
                      "type": "number",
                      "description": "Maximum size of log batch, if non-zero. Defaults to 0 for unbounded",
                      "description_kind": "plain",
                      "optional": true
                    },
                    "required_acks": {
                      "type": "string",
                      "description": "The Number of acknowledgements a leader must receive before a write is considered successful. One of: `1` (default) One server needs to respond. `0` No servers need to respond. `-1` Wait for all in-sync replicas to respond",
                      "description_kind": "plain",
                      "optional": true
                    },
                    "tls_ca_cert": {
                      "type": "string",
                      "description": "A secure certificate to authenticate the server with. Must be in PEM format",
                      "description_kind": "plain",
                      "optional": true
                    },
                    "tls_client_cert": {
                      "type": "string",
                      "description": "The client certificate used to make authenticated requests. Must be in PEM format",
                      "description_kind": "plain",
                      "optional": true
                    },
                    "tls_client_key": {
                      "type": "string",
                      "description": "The client private key used to make authenticated requests. Must be in PEM format",
                      "description_kind": "plain",
                      "optional": true,
                      "sensitive": true
                    },
                    "tls_hostname": {
                      "type": "string",
                      "description": "The hostname used to verify the server's certificate. It can either be the Common Name or a Subject Alternative Name (SAN)",
                      "description_kind": "plain",
                      "optional": true
                    },
                    "topic": {
                      "type": "string",
                      "description": "The Kafka topic to send logs to",
                      "description_kind": "plain",
                      "required": true
                    },
                    "use_tls": {
                      "type": "bool",
                      "description": "Whether to use TLS for secure logging. Can be either `true` or `false`",
                      "description_kind": "plain",
                      "optional": true
                    },
                    "user": {
                      "type": "string",
                      "description": "SASL User",
                      "description_kind": "plain",
                      "optional": true
                    }
                  },
                  "description_kind": "plain"
                }
              },
              "logging_kinesis": {
                "nesting_mode": "set",
                "block": {
                  "attributes": {
                    "access_key": {
                      "type": "string",
                      "description": "The AWS access key to be used to write to the stream",
                      "description_kind": "plain",
                      "optional": true,
                      "sensitive": true
                    },
                    "iam_role": {
                      "type": "string",
                      "description": "The Amazon Resource Name (ARN) for the IAM role granting Fastly access to Kinesis. Not required if `access_key` and `secret_key` are provided.",
                      "description_kind": "plain",
                      "optional": true
                    },
                    "name": {
                      "type": "string",
                      "description": "The unique name of the Kinesis logging endpoint. It is important to note that changing this attribute will delete and recreate the resource",
                      "description_kind": "plain",
                      "required": true
                    },
                    "region": {
                      "type": "string",
                      "description": "The AWS region the stream resides in. (Default: `us-east-1`)",
                      "description_kind": "plain",
                      "optional": true
                    },
                    "secret_key": {
                      "type": "string",
                      "description": "The AWS secret access key to authenticate with",
                      "description_kind": "plain",
                      "optional": true,
                      "sensitive": true
                    },
                    "topic": {
                      "type": "string",
                      "description": "The Kinesis stream name",
                      "description_kind": "plain",
                      "required": true
                    }
                  },
                  "description_kind": "plain"
                }
              },
              "logging_logentries": {
                "nesting_mode": "set",
                "block": {
                  "attributes": {
                    "name": {
                      "type": "string",
                      "description": "The unique name of the Logentries logging endpoint. It is important to note that changing this attribute will delete and recreate the resource",
                      "description_kind": "plain",
                      "required": true
                    },
                    "port": {
                      "type": "number",
                      "description": "The port number configured in Logentries",
                      "description_kind": "plain",
                      "optional": true
                    },
                    "token": {
                      "type": "string",
                      "description": "Use token based authentication (https://logentries.com/doc/input-token/)",
                      "description_kind": "plain",
                      "required": true
                    },
                    "use_tls": {
                      "type": "bool",
                      "description": "Whether to use TLS for secure logging",
                      "description_kind": "plain",
                      "optional": true
                    }
                  },
                  "description_kind": "plain"
                }
              },
              "logging_loggly": {
                "nesting_mode": "set",
                "block": {
                  "attributes": {
                    "name": {
                      "type": "string",
                      "description": "The unique name of the Loggly logging endpoint. It is important to note that changing this attribute will delete and recreate the resource",
                      "description_kind": "plain",
                      "required": true
                    },
                    "token": {
                      "type": "string",
                      "description": "The token to use for authentication (https://www.loggly.com/docs/customer-token-authentication-token/).",
                      "description_kind": "plain",
                      "required": true,
                      "sensitive": true
                    }
                  },
                  "description_kind": "plain"
                }
              },
              "logging_logshuttle": {
                "nesting_mode": "set",
                "block": {
                  "attributes": {
                    "name": {
                      "type": "string",
                      "description": "The unique name of the Log Shuttle logging endpoint. It is important to note that changing this attribute will delete and recreate the resource",
                      "description_kind": "plain",
                      "required": true
                    },
                    "token": {
                      "type": "string",
                      "description": "The data authentication token associated with this endpoint",
                      "description_kind": "plain",
                      "required": true,
                      "sensitive": true
                    },
                    "url": {
                      "type": "string",
                      "description": "Your Log Shuttle endpoint URL",
                      "description_kind": "plain",
                      "required": true
                    }
                  },
                  "description_kind": "plain"
                }
              },
              "logging_newrelic": {
                "nesting_mode": "set",
                "block": {
                  "attributes": {
                    "name": {
                      "type": "string",
                      "description": "The unique name of the New Relic logging endpoint. It is important to note that changing this attribute will delete and recreate the resource",
                      "description_kind": "plain",
                      "required": true
                    },
                    "region": {
                      "type": "string",
                      "description": "The region that log data will be sent to. Default: `US`",
                      "description_kind": "plain",
                      "optional": true
                    },
                    "token": {
                      "type": "string",
                      "description": "The Insert API key from the Account page of your New Relic account",
                      "description_kind": "plain",
                      "required": true,
                      "sensitive": true
                    }
                  },
                  "description_kind": "plain"
                }
              },
              "logging_openstack": {
                "nesting_mode": "set",
                "block": {
                  "attributes": {
                    "access_key": {
                      "type": "string",
                      "description": "Your OpenStack account access key",
                      "description_kind": "plain",
                      "required": true,
                      "sensitive": true
                    },
                    "bucket_name": {
                      "type": "string",
                      "description": "The name of your OpenStack container",
                      "description_kind": "plain",
                      "required": true
                    },
                    "compression_codec": {
                      "type": "string",
                      "description": "The codec used for compression of your logs. Valid values are zstd, snappy, and gzip. If the specified codec is \"gzip\", gzip_level will default to 3. To specify a different level, leave compression_codec blank and explicitly set the level using gzip_level. Specifying both compression_codec and gzip_level in the same API request will result in an error.",
                      "description_kind": "plain",
                      "optional": true
                    },
                    "gzip_level": {
                      "type": "number",
                      "description": "Level of Gzip compression from `0-9`. `0` means no compression. `1` is the fastest and the least compressed version, `9` is the slowest and the most compressed version. Default `0`",
                      "description_kind": "plain",
                      "optional": true
                    },
                    "message_type": {
                      "type": "string",
                      "description": "How the message should be formatted. Can be either `classic`, `loggly`, `logplex` or `blank`. Default is `classic`",
                      "description_kind": "plain",
                      "optional": true
                    },
                    "name": {
                      "type": "string",
                      "description": "The unique name of the OpenStack logging endpoint. It is important to note that changing this attribute will delete and recreate the resource",
                      "description_kind": "plain",
                      "required": true
                    },
                    "path": {
                      "type": "string",
                      "description": "Path to store the files. Must end with a trailing slash. If this field is left empty, the files will be saved in the bucket's root path",
                      "description_kind": "plain",
                      "optional": true
                    },
                    "period": {
                      "type": "number",
                      "description": "How frequently the logs should be transferred, in seconds. Default `3600`",
                      "description_kind": "plain",
                      "optional": true
                    },
                    "public_key": {
                      "type": "string",
                      "description": "A PGP public key that Fastly will use to encrypt your log files before writing them to disk",
                      "description_kind": "plain",
                      "optional": true
                    },
                    "timestamp_format": {
                      "type": "string",
                      "description": "The `strftime` specified timestamp formatting (default `%Y-%m-%dT%H:%M:%S.000`)",
                      "description_kind": "plain",
                      "optional": true
                    },
                    "url": {
                      "type": "string",
                      "description": "Your OpenStack auth url",
                      "description_kind": "plain",
                      "required": true
                    },
                    "user": {
                      "type": "string",
                      "description": "The username for your OpenStack account",
                      "description_kind": "plain",
                      "required": true
                    }
                  },
                  "description_kind": "plain"
                }
              },
              "logging_papertrail": {
                "nesting_mode": "set",
                "block": {
                  "attributes": {
                    "address": {
                      "type": "string",
                      "description": "The address of the Papertrail endpoint",
                      "description_kind": "plain",
                      "required": true
                    },
                    "name": {
                      "type": "string",
                      "description": "A unique name to identify this Papertrail endpoint. It is important to note that changing this attribute will delete and recreate the resource",
                      "description_kind": "plain",
                      "required": true
                    },
                    "port": {
                      "type": "number",
                      "description": "The port associated with the address where the Papertrail endpoint can be accessed",
                      "description_kind": "plain",
                      "required": true
                    }
                  },
                  "description_kind": "plain"
                }
              },
              "logging_s3": {
                "nesting_mode": "set",
                "block": {
                  "attributes": {
                    "acl": {
                      "type": "string",
                      "description": "The AWS [Canned ACL](https://docs.aws.amazon.com/AmazonS3/latest/userguide/acl-overview.html#canned-acl) to use for objects uploaded to the S3 bucket. Options are: `private`, `public-read`, `public-read-write`, `aws-exec-read`, `authenticated-read`, `bucket-owner-read`, `bucket-owner-full-control`",
                      "description_kind": "plain",
                      "optional": true
                    },
                    "bucket_name": {
                      "type": "string",
                      "description": "The name of the bucket in which to store the logs",
                      "description_kind": "plain",
                      "required": true
                    },
                    "compression_codec": {
                      "type": "string",
                      "description": "The codec used for compression of your logs. Valid values are zstd, snappy, and gzip. If the specified codec is \"gzip\", gzip_level will default to 3. To specify a different level, leave compression_codec blank and explicitly set the level using gzip_level. Specifying both compression_codec and gzip_level in the same API request will result in an error.",
                      "description_kind": "plain",
                      "optional": true
                    },
                    "domain": {
                      "type": "string",
                      "description": "If you created the S3 bucket outside of `us-east-1`, then specify the corresponding bucket endpoint. Example: `s3-us-west-2.amazonaws.com`",
                      "description_kind": "plain",
                      "optional": true
                    },
                    "gzip_level": {
                      "type": "number",
                      "description": "Level of Gzip compression from `0-9`. `0` means no compression. `1` is the fastest and the least compressed version, `9` is the slowest and the most compressed version. Default `0`",
                      "description_kind": "plain",
                      "optional": true
                    },
                    "message_type": {
                      "type": "string",
                      "description": "How the message should be formatted. Can be either `classic`, `loggly`, `logplex` or `blank`. Default is `classic`",
                      "description_kind": "plain",
                      "optional": true
                    },
                    "name": {
                      "type": "string",
                      "description": "The unique name of the S3 logging endpoint. It is important to note that changing this attribute will delete and recreate the resource",
                      "description_kind": "plain",
                      "required": true
                    },
                    "path": {
                      "type": "string",
                      "description": "Path to store the files. Must end with a trailing slash. If this field is left empty, the files will be saved in the bucket's root path",
                      "description_kind": "plain",
                      "optional": true
                    },
                    "period": {
                      "type": "number",
                      "description": "How frequently the logs should be transferred, in seconds. Default `3600`",
                      "description_kind": "plain",
                      "optional": true
                    },
                    "public_key": {
                      "type": "string",
                      "description": "A PGP public key that Fastly will use to encrypt your log files before writing them to disk",
                      "description_kind": "plain",
                      "optional": true
                    },
                    "redundancy": {
                      "type": "string",
                      "description": "The S3 storage class (redundancy level). Should be one of: `standard`, `intelligent_tiering`, `standard_ia`, `onezone_ia`, `glacier`, `glacier_ir`, `deep_archive`, or `reduced_redundancy`",
                      "description_kind": "plain",
                      "optional": true
                    },
                    "s3_access_key": {
                      "type": "string",
                      "description": "AWS Access Key of an account with the required permissions to post logs. It is **strongly** recommended you create a separate IAM user with permissions to only operate on this Bucket. This key will be not be encrypted. Not required if `iam_role` is provided. You can provide this key via an environment variable, `FASTLY_S3_ACCESS_KEY`",
                      "description_kind": "plain",
                      "optional": true,
                      "sensitive": true
                    },
                    "s3_iam_role": {
                      "type": "string",
                      "description": "The Amazon Resource Name (ARN) for the IAM role granting Fastly access to S3. Not required if `access_key` and `secret_key` are provided. You can provide this value via an environment variable, `FASTLY_S3_IAM_ROLE`",
                      "description_kind": "plain",
                      "optional": true
                    },
                    "s3_secret_key": {
                      "type": "string",
                      "description": "AWS Secret Key of an account with the required permissions to post logs. It is **strongly** recommended you create a separate IAM user with permissions to only operate on this Bucket. This secret will be not be encrypted. Not required if `iam_role` is provided. You can provide this secret via an environment variable, `FASTLY_S3_SECRET_KEY`",
                      "description_kind": "plain",
                      "optional": true,
                      "sensitive": true
                    },
                    "server_side_encryption": {
                      "type": "string",
                      "description": "Specify what type of server side encryption should be used. Can be either `AES256` or `aws:kms`",
                      "description_kind": "plain",
                      "optional": true
                    },
                    "server_side_encryption_kms_key_id": {
                      "type": "string",
                      "description": "Optional server-side KMS Key Id. Must be set if server_side_encryption is set to `aws:kms`",
                      "description_kind": "plain",
                      "optional": true
                    },
                    "timestamp_format": {
                      "type": "string",
                      "description": "The `strftime` specified timestamp formatting (default `%Y-%m-%dT%H:%M:%S.000`)",
                      "description_kind": "plain",
                      "optional": true
                    }
                  },
                  "description_kind": "plain"
                }
              },
              "logging_scalyr": {
                "nesting_mode": "set",
                "block": {
                  "attributes": {
                    "name": {
                      "type": "string",
                      "description": "The unique name of the Scalyr logging endpoint. It is important to note that changing this attribute will delete and recreate the resource",
                      "description_kind": "plain",
                      "required": true
                    },
                    "region": {
                      "type": "string",
                      "description": "The region that log data will be sent to. One of `US` or `EU`. Defaults to `US` if undefined",
                      "description_kind": "plain",
                      "optional": true
                    },
                    "token": {
                      "type": "string",
                      "description": "The token to use for authentication (https://www.scalyr.com/keys)",
                      "description_kind": "plain",
                      "required": true,
                      "sensitive": true
                    }
                  },
                  "description_kind": "plain"
                }
              },
              "logging_sftp": {
                "nesting_mode": "set",
                "block": {
                  "attributes": {
                    "address": {
                      "type": "string",
                      "description": "The SFTP address to stream logs to",
                      "description_kind": "plain",
                      "required": true
                    },
                    "compression_codec": {
                      "type": "string",
                      "description": "The codec used for compression of your logs. Valid values are zstd, snappy, and gzip. If the specified codec is \"gzip\", gzip_level will default to 3. To specify a different level, leave compression_codec blank and explicitly set the level using gzip_level. Specifying both compression_codec and gzip_level in the same API request will result in an error.",
                      "description_kind": "plain",
                      "optional": true
                    },
                    "gzip_level": {
                      "type": "number",
                      "description": "Level of Gzip compression from `0-9`. `0` means no compression. `1` is the fastest and the least compressed version, `9` is the slowest and the most compressed version. Default `0`",
                      "description_kind": "plain",
                      "optional": true
                    },
                    "message_type": {
                      "type": "string",
                      "description": "How the message should be formatted. Can be either `classic`, `loggly`, `logplex` or `blank`. Default is `classic`",
                      "description_kind": "plain",
                      "optional": true
                    },
                    "name": {
                      "type": "string",
                      "description": "The unique name of the SFTP logging endpoint. It is important to note that changing this attribute will delete and recreate the resource",
                      "description_kind": "plain",
                      "required": true
                    },
                    "password": {
                      "type": "string",
                      "description": "The password for the server. If both `password` and `secret_key` are passed, `secret_key` will be preferred",
                      "description_kind": "plain",
                      "optional": true,
                      "sensitive": true
                    },
                    "path": {
                      "type": "string",
                      "description": "The path to upload log files to. If the path ends in `/` then it is treated as a directory",
                      "description_kind": "plain",
                      "required": true
                    },
                    "period": {
                      "type": "number",
                      "description": "How frequently log files are finalized so they can be available for reading (in seconds, default `3600`)",
                      "description_kind": "plain",
                      "optional": true
                    },
                    "port": {
                      "type": "number",
                      "description": "The port the SFTP service listens on. (Default: `22`)",
                      "description_kind": "plain",
                      "optional": true
                    },
                    "public_key": {
                      "type": "string",
                      "description": "A PGP public key that Fastly will use to encrypt your log files before writing them to disk",
                      "description_kind": "plain",
                      "optional": true
                    },
                    "secret_key": {
                      "type": "string",
                      "description": "The SSH private key for the server. If both `password` and `secret_key` are passed, `secret_key` will be preferred",
                      "description_kind": "plain",
                      "optional": true,
                      "sensitive": true
                    },
                    "ssh_known_hosts": {
                      "type": "string",
                      "description": "A list of host keys for all hosts we can connect to over SFTP",
                      "description_kind": "plain",
                      "required": true
                    },
                    "timestamp_format": {
                      "type": "string",
                      "description": "The `strftime` specified timestamp formatting (default `%Y-%m-%dT%H:%M:%S.000`)",
                      "description_kind": "plain",
                      "optional": true
                    },
                    "user": {
                      "type": "string",
                      "description": "The username for the server",
                      "description_kind": "plain",
                      "required": true
                    }
                  },
                  "description_kind": "plain"
                }
              },
              "logging_splunk": {
                "nesting_mode": "set",
                "block": {
                  "attributes": {
                    "name": {
                      "type": "string",
                      "description": "A unique name to identify the Splunk endpoint. It is important to note that changing this attribute will delete and recreate the resource",
                      "description_kind": "plain",
                      "required": true
                    },
                    "tls_ca_cert": {
                      "type": "string",
                      "description": "A secure certificate to authenticate the server with. Must be in PEM format. You can provide this certificate via an environment variable, `FASTLY_SPLUNK_CA_CERT`",
                      "description_kind": "plain",
                      "optional": true
                    },
                    "tls_client_cert": {
                      "type": "string",
                      "description": "The client certificate used to make authenticated requests. Must be in PEM format.",
                      "description_kind": "plain",
                      "optional": true
                    },
                    "tls_client_key": {
                      "type": "string",
                      "description": "The client private key used to make authenticated requests. Must be in PEM format.",
                      "description_kind": "plain",
                      "optional": true,
                      "sensitive": true
                    },
                    "tls_hostname": {
                      "type": "string",
                      "description": "The hostname used to verify the server's certificate. It can either be the Common Name or a Subject Alternative Name (SAN)",
                      "description_kind": "plain",
                      "optional": true
                    },
                    "token": {
                      "type": "string",
                      "description": "The Splunk token to be used for authentication",
                      "description_kind": "plain",
                      "required": true,
                      "sensitive": true
                    },
                    "url": {
                      "type": "string",
                      "description": "The Splunk URL to stream logs to",
                      "description_kind": "plain",
                      "required": true
                    },
                    "use_tls": {
                      "type": "bool",
                      "description": "Whether to use TLS for secure logging. Default: `false`",
                      "description_kind": "plain",
                      "optional": true
                    }
                  },
                  "description_kind": "plain"
                }
              },
              "logging_sumologic": {
                "nesting_mode": "set",
                "block": {
                  "attributes": {
                    "message_type": {
                      "type": "string",
                      "description": "How the message should be formatted. Can be either `classic`, `loggly`, `logplex` or `blank`. Default is `classic`",
                      "description_kind": "plain",
                      "optional": true
                    },
                    "name": {
                      "type": "string",
                      "description": "A unique name to identify this Sumologic endpoint. It is important to note that changing this attribute will delete and recreate the resource",
                      "description_kind": "plain",
                      "required": true
                    },
                    "url": {
                      "type": "string",
                      "description": "The URL to Sumologic collector endpoint",
                      "description_kind": "plain",
                      "required": true
                    }
                  },
                  "description_kind": "plain"
                }
              },
              "logging_syslog": {
                "nesting_mode": "set",
                "block": {
                  "attributes": {
                    "address": {
                      "type": "string",
                      "description": "A hostname or IPv4 address of the Syslog endpoint",
                      "description_kind": "plain",
                      "required": true
                    },
                    "message_type": {
                      "type": "string",
                      "description": "How the message should be formatted. Can be either `classic`, `loggly`, `logplex` or `blank`. Default is `classic`",
                      "description_kind": "plain",
                      "optional": true
                    },
                    "name": {
                      "type": "string",
                      "description": "A unique name to identify this Syslog endpoint. It is important to note that changing this attribute will delete and recreate the resource",
                      "description_kind": "plain",
                      "required": true
                    },
                    "port": {
                      "type": "number",
                      "description": "The port associated with the address where the Syslog endpoint can be accessed. Default `514`",
                      "description_kind": "plain",
                      "optional": true
                    },
                    "tls_ca_cert": {
                      "type": "string",
                      "description": "A secure certificate to authenticate the server with. Must be in PEM format. You can provide this certificate via an environment variable, `FASTLY_SYSLOG_CA_CERT`",
                      "description_kind": "plain",
                      "optional": true
                    },
                    "tls_client_cert": {
                      "type": "string",
                      "description": "The client certificate used to make authenticated requests. Must be in PEM format. You can provide this certificate via an environment variable, `FASTLY_SYSLOG_CLIENT_CERT`",
                      "description_kind": "plain",
                      "optional": true
                    },
                    "tls_client_key": {
                      "type": "string",
                      "description": "The client private key used to make authenticated requests. Must be in PEM format. You can provide this key via an environment variable, `FASTLY_SYSLOG_CLIENT_KEY`",
                      "description_kind": "plain",
                      "optional": true,
                      "sensitive": true
                    },
                    "tls_hostname": {
                      "type": "string",
                      "description": "Used during the TLS handshake to validate the certificate",
                      "description_kind": "plain",
                      "optional": true
                    },
                    "token": {
                      "type": "string",
                      "description": "Whether to prepend each message with a specific token",
                      "description_kind": "plain",
                      "optional": true
                    },
                    "use_tls": {
                      "type": "bool",
                      "description": "Whether to use TLS for secure logging. Default `false`",
                      "description_kind": "plain",
                      "optional": true
                    }
                  },
                  "description_kind": "plain"
                }
              },
              "package": {
                "nesting_mode": "list",
                "block": {
                  "attributes": {
                    "content": {
                      "type": "string",
                      "description": "The contents of the Wasm deployment package as a base64 encoded string (e.g. could be provided using an input variable or via external data source output variable). Conflicts with `filename`. Exactly one of these two arguments must be specified",
                      "description_kind": "plain",
                      "optional": true
                    },
                    "filename": {
                      "type": "string",
                      "description": "The path to the Wasm deployment package within your local filesystem. Conflicts with `content`. Exactly one of these two arguments must be specified",
                      "description_kind": "plain",
                      "optional": true
                    },
                    "source_code_hash": {
                      "type": "string",
                      "description": "Used to trigger updates. Must be set to a SHA512 hash of the package file specified with the filename. The usual way to set this is filesha512(\"package.tar.gz\") (Terraform 0.11.12 and later) or filesha512(file(\"package.tar.gz\")) (Terraform 0.11.11 and earlier), where \"package.tar.gz\" is the local filename of the Wasm deployment package",
                      "description_kind": "plain",
                      "optional": true,
                      "computed": true
                    }
                  },
                  "description": "The `package` block supports uploading or modifying Wasm packages for use in a Fastly Compute@Edge service. See Fastly's documentation on [Compute@Edge](https://developer.fastly.com/learning/compute/)",
                  "description_kind": "plain"
                },
                "min_items": 1,
                "max_items": 1
              },
              "product_enablement": {
                "nesting_mode": "set",
                "block": {
                  "attributes": {
                    "fanout": {
                      "type": "bool",
                      "description": "Enable Fanout support",
                      "description_kind": "plain",
                      "optional": true
                    },
                    "name": {
                      "type": "string",
                      "description": "Used internally by the provider to identify modified settings",
                      "description_kind": "plain",
                      "computed": true
                    },
                    "websockets": {
                      "type": "bool",
                      "description": "Enable WebSockets support",
                      "description_kind": "plain",
                      "optional": true
                    }
                  },
                  "description_kind": "plain"
                },
                "max_items": 1
              }
            },
            "description_kind": "plain"
          }
        },
        "fastly_service_dictionary_items": {
          "version": 0,
          "block": {
            "attributes": {
              "dictionary_id": {
                "type": "string",
                "description": "The ID of the dictionary that the items belong to",
                "description_kind": "plain",
                "required": true
              },
              "id": {
                "type": "string",
                "description_kind": "plain",
                "optional": true,
                "computed": true
              },
              "items": {
                "type": [
                  "map",
                  "string"
                ],
                "description": "A map representing an entry in the dictionary, (key/value)",
                "description_kind": "plain",
                "optional": true
              },
              "manage_items": {
                "type": "bool",
                "description": "Whether to reapply changes if the state of the items drifts, i.e. if items are managed externally",
                "description_kind": "plain",
                "optional": true
              },
              "service_id": {
                "type": "string",
                "description": "The ID of the service that the dictionary belongs to",
                "description_kind": "plain",
                "required": true
              }
            },
            "description_kind": "plain"
          }
        },
        "fastly_service_dynamic_snippet_content": {
          "version": 0,
          "block": {
            "attributes": {
              "content": {
                "type": "string",
                "description": "The VCL code that specifies exactly what the snippet does",
                "description_kind": "plain",
                "required": true
              },
              "id": {
                "type": "string",
                "description_kind": "plain",
                "optional": true,
                "computed": true
              },
              "manage_snippets": {
                "type": "bool",
                "description": "Whether to reapply changes if the state of the snippets drifts, i.e. if snippets are managed externally",
                "description_kind": "plain",
                "optional": true
              },
              "service_id": {
                "type": "string",
                "description": "The ID of the service that the dynamic snippet belongs to",
                "description_kind": "plain",
                "required": true
              },
              "snippet_id": {
                "type": "string",
                "description": "The ID of the dynamic snippet that the content belong to",
                "description_kind": "plain",
                "required": true
              }
            },
            "description_kind": "plain"
          }
        },
        "fastly_service_vcl": {
          "version": 0,
          "block": {
            "attributes": {
              "activate": {
                "type": "bool",
                "description": "Conditionally prevents the Service from being activated. The apply step will continue to create a new draft version but will not activate it if this is set to `false`. Default `true`",
                "description_kind": "plain",
                "optional": true
              },
              "active_version": {
                "type": "number",
                "description": "The currently active version of your Fastly Service",
                "description_kind": "plain",
                "computed": true
              },
              "cloned_version": {
                "type": "number",
                "description": "The latest cloned version by the provider",
                "description_kind": "plain",
                "computed": true
              },
              "comment": {
                "type": "string",
                "description": "Description field for the service. Default `Managed by Terraform`",
                "description_kind": "plain",
                "optional": true
              },
              "default_host": {
                "type": "string",
                "description": "The default hostname",
                "description_kind": "plain",
                "optional": true
              },
              "default_ttl": {
                "type": "number",
                "description": "The default Time-to-live (TTL) for requests",
                "description_kind": "plain",
                "optional": true
              },
              "force_destroy": {
                "type": "bool",
                "description": "Services that are active cannot be destroyed. In order to destroy the Service, set `force_destroy` to `true`. Default `false`",
                "description_kind": "plain",
                "optional": true
              },
              "force_refresh": {
                "type": "bool",
                "description": "Used internally by the provider to temporarily indicate if all resources should call their associated API to update the local state. This is for scenarios where the service version has been reverted outside of Terraform (e.g. via the Fastly UI) and the provider needs to resync the state for a different active version (this is only if `activate` is `true`).",
                "description_kind": "plain",
                "computed": true
              },
              "http3": {
                "type": "bool",
                "description": "Enables support for the HTTP/3 (QUIC) protocol",
                "description_kind": "plain",
                "optional": true
              },
              "id": {
                "type": "string",
                "description_kind": "plain",
                "optional": true,
                "computed": true
              },
              "imported": {
                "type": "bool",
                "description": "Used internally by the provider to temporarily indicate if the service is being imported, and is reset to false once the import is finished",
                "description_kind": "plain",
                "computed": true
              },
              "name": {
                "type": "string",
                "description": "The unique name for the Service to create",
                "description_kind": "plain",
                "required": true
              },
              "reuse": {
                "type": "bool",
                "description": "Services that are active cannot be destroyed. If set to `true` a service Terraform intends to destroy will instead be deactivated (allowing it to be reused by importing it into another Terraform project). If `false`, attempting to destroy an active service will cause an error. Default `false`",
                "description_kind": "plain",
                "optional": true
              },
              "stale_if_error": {
                "type": "bool",
                "description": "Enables serving a stale object if there is an error",
                "description_kind": "plain",
                "optional": true
              },
              "stale_if_error_ttl": {
                "type": "number",
                "description": "The default time-to-live (TTL) for serving the stale object for the version",
                "description_kind": "plain",
                "optional": true
              },
              "version_comment": {
                "type": "string",
                "description": "Description field for the version",
                "description_kind": "plain",
                "optional": true
              }
            },
            "block_types": {
              "acl": {
                "nesting_mode": "set",
                "block": {
                  "attributes": {
                    "acl_id": {
                      "type": "string",
                      "description": "The ID of the ACL",
                      "description_kind": "plain",
                      "computed": true
                    },
                    "force_destroy": {
                      "type": "bool",
                      "description": "Allow the ACL to be deleted, even if it contains entries. Defaults to false.",
                      "description_kind": "plain",
                      "optional": true
                    },
                    "name": {
                      "type": "string",
                      "description": "A unique name to identify this ACL. It is important to note that changing this attribute will delete and recreate the ACL, and discard the current items in the ACL",
                      "description_kind": "plain",
                      "required": true
                    }
                  },
                  "description_kind": "plain"
                }
              },
              "backend": {
                "nesting_mode": "set",
                "block": {
                  "attributes": {
                    "address": {
                      "type": "string",
                      "description": "An IPv4, hostname, or IPv6 address for the Backend",
                      "description_kind": "plain",
                      "required": true
                    },
                    "auto_loadbalance": {
                      "type": "bool",
                      "description": "Denotes if this Backend should be included in the pool of backends that requests are load balanced against. Default `false`",
                      "description_kind": "plain",
                      "optional": true
                    },
                    "between_bytes_timeout": {
                      "type": "number",
                      "description": "How long to wait between bytes in milliseconds. Default `10000`",
                      "description_kind": "plain",
                      "optional": true
                    },
                    "connect_timeout": {
                      "type": "number",
                      "description": "How long to wait for a timeout in milliseconds. Default `1000`",
                      "description_kind": "plain",
                      "optional": true
                    },
                    "error_threshold": {
                      "type": "number",
                      "description": "Number of errors to allow before the Backend is marked as down. Default `0`",
                      "description_kind": "plain",
                      "optional": true
                    },
                    "first_byte_timeout": {
                      "type": "number",
                      "description": "How long to wait for the first bytes in milliseconds. Default `15000`",
                      "description_kind": "plain",
                      "optional": true
                    },
                    "healthcheck": {
                      "type": "string",
                      "description": "Name of a defined `healthcheck` to assign to this backend",
                      "description_kind": "plain",
                      "optional": true
                    },
                    "keepalive_time": {
                      "type": "number",
                      "description": "How long in seconds to keep a persistent connection to the backend between requests.",
                      "description_kind": "plain",
                      "optional": true
                    },
                    "max_conn": {
                      "type": "number",
                      "description": "Maximum number of connections for this Backend. Default `200`",
                      "description_kind": "plain",
                      "optional": true
                    },
                    "max_tls_version": {
                      "type": "string",
                      "description": "Maximum allowed TLS version on SSL connections to this backend.",
                      "description_kind": "plain",
                      "optional": true
                    },
                    "min_tls_version": {
                      "type": "string",
                      "description": "Minimum allowed TLS version on SSL connections to this backend.",
                      "description_kind": "plain",
                      "optional": true
                    },
                    "name": {
                      "type": "string",
                      "description": "Name for this Backend. Must be unique to this Service. It is important to note that changing this attribute will delete and recreate the resource",
                      "description_kind": "plain",
                      "required": true
                    },
                    "override_host": {
                      "type": "string",
                      "description": "The hostname to override the Host header",
                      "description_kind": "plain",
                      "optional": true
                    },
                    "port": {
                      "type": "number",
                      "description": "The port number on which the Backend responds. Default `80`",
                      "description_kind": "plain",
                      "optional": true
                    },
                    "request_condition": {
                      "type": "string",
                      "description": "Name of a condition, which if met, will select this backend during a request.",
                      "description_kind": "plain",
                      "optional": true
                    },
                    "shield": {
                      "type": "string",
                      "description": "The POP of the shield designated to reduce inbound load. Valid values for `shield` are included in the `GET /datacenters` API response",
                      "description_kind": "plain",
                      "optional": true
                    },
                    "ssl_ca_cert": {
                      "type": "string",
                      "description": "CA certificate attached to origin.",
                      "description_kind": "plain",
                      "optional": true
                    },
                    "ssl_cert_hostname": {
                      "type": "string",
                      "description": "Configure certificate validation. Does not affect SNI at all",
                      "description_kind": "plain",
                      "optional": true
                    },
                    "ssl_check_cert": {
                      "type": "bool",
                      "description": "Be strict about checking SSL certs. Default `true`",
                      "description_kind": "plain",
                      "optional": true
                    },
                    "ssl_ciphers": {
                      "type": "string",
                      "description": "Cipher list consisting of one or more cipher strings separated by colons. Commas or spaces are also acceptable separators but colons are normally used.",
                      "description_kind": "plain",
                      "optional": true
                    },
                    "ssl_client_cert": {
                      "type": "string",
                      "description": "Client certificate attached to origin. Used when connecting to the backend",
                      "description_kind": "plain",
                      "optional": true,
                      "sensitive": true
                    },
                    "ssl_client_key": {
                      "type": "string",
                      "description": "Client key attached to origin. Used when connecting to the backend",
                      "description_kind": "plain",
                      "optional": true,
                      "sensitive": true
                    },
                    "ssl_sni_hostname": {
                      "type": "string",
                      "description": "Configure SNI in the TLS handshake. Does not affect cert validation at all",
                      "description_kind": "plain",
                      "optional": true
                    },
                    "use_ssl": {
                      "type": "bool",
                      "description": "Whether or not to use SSL to reach the Backend. Default `false`",
                      "description_kind": "plain",
                      "optional": true
                    },
                    "weight": {
                      "type": "number",
                      "description": "The [portion of traffic](https://docs.fastly.com/en/guides/load-balancing-configuration#how-weight-affects-load-balancing) to send to this Backend. Each Backend receives weight / total of the traffic. Default `100`",
                      "description_kind": "plain",
                      "optional": true
                    }
                  },
                  "description_kind": "plain"
                }
              },
              "cache_setting": {
                "nesting_mode": "set",
                "block": {
                  "attributes": {
                    "action": {
                      "type": "string",
                      "description": "One of cache, pass, or restart, as defined on Fastly's documentation under \"[Caching action descriptions](https://docs.fastly.com/en/guides/controlling-caching#caching-action-descriptions)\"",
                      "description_kind": "plain",
                      "optional": true
                    },
                    "cache_condition": {
                      "type": "string",
                      "description": "Name of already defined `condition` used to test whether this settings object should be used. This `condition` must be of type `CACHE`",
                      "description_kind": "plain",
                      "optional": true
                    },
                    "name": {
                      "type": "string",
                      "description": "Unique name for this Cache Setting. It is important to note that changing this attribute will delete and recreate the resource",
                      "description_kind": "plain",
                      "required": true
                    },
                    "stale_ttl": {
                      "type": "number",
                      "description": "Max \"Time To Live\" for stale (unreachable) objects",
                      "description_kind": "plain",
                      "optional": true
                    },
                    "ttl": {
                      "type": "number",
                      "description": "The Time-To-Live (TTL) for the object",
                      "description_kind": "plain",
                      "optional": true
                    }
                  },
                  "description_kind": "plain"
                }
              },
              "condition": {
                "nesting_mode": "set",
                "block": {
                  "attributes": {
                    "name": {
                      "type": "string",
                      "description": "The unique name for the condition. It is important to note that changing this attribute will delete and recreate the resource",
                      "description_kind": "plain",
                      "required": true
                    },
                    "priority": {
                      "type": "number",
                      "description": "A number used to determine the order in which multiple conditions execute. Lower numbers execute first. Default `10`",
                      "description_kind": "plain",
                      "optional": true
                    },
                    "statement": {
                      "type": "string",
                      "description": "The statement used to determine if the condition is met",
                      "description_kind": "plain",
                      "required": true
                    },
                    "type": {
                      "type": "string",
                      "description": "Type of condition, either `REQUEST` (req), `RESPONSE` (req, resp), or `CACHE` (req, beresp)",
                      "description_kind": "plain",
                      "required": true
                    }
                  },
                  "description_kind": "plain"
                }
              },
              "dictionary": {
                "nesting_mode": "set",
                "block": {
                  "attributes": {
                    "dictionary_id": {
                      "type": "string",
                      "description": "The ID of the dictionary",
                      "description_kind": "plain",
                      "computed": true
                    },
                    "force_destroy": {
                      "type": "bool",
                      "description": "Allow the dictionary to be deleted, even if it contains entries. Defaults to false.",
                      "description_kind": "plain",
                      "optional": true
                    },
                    "name": {
                      "type": "string",
                      "description": "A unique name to identify this dictionary. It is important to note that changing this attribute will delete and recreate the dictionary, and discard the current items in the dictionary",
                      "description_kind": "plain",
                      "required": true
                    },
                    "write_only": {
                      "type": "bool",
                      "description": "If `true`, the dictionary is a [private dictionary](https://docs.fastly.com/en/guides/private-dictionaries). Default is `false`. Please note that changing this attribute will delete and recreate the dictionary, and discard the current items in the dictionary. `fastly_service_vcl` resource will only manage the dictionary object itself, and items under private dictionaries can not be managed using [`fastly_service_dictionary_items`](https://registry.terraform.io/providers/fastly/fastly/latest/docs/resources/service_dictionary_items#limitations) resource. Therefore, using a write-only/private dictionary should only be done if the items are managed outside of Terraform",
                      "description_kind": "plain",
                      "optional": true
                    }
                  },
                  "description_kind": "plain"
                }
              },
              "director": {
                "nesting_mode": "set",
                "block": {
                  "attributes": {
                    "backends": {
                      "type": [
                        "set",
                        "string"
                      ],
                      "description": "Names of defined backends to map the director to. Example: `[ \"origin1\", \"origin2\" ]`",
                      "description_kind": "plain",
                      "required": true
                    },
                    "comment": {
                      "type": "string",
                      "description": "An optional comment about the Director",
                      "description_kind": "plain",
                      "optional": true
                    },
                    "name": {
                      "type": "string",
                      "description": "Unique name for this Director. It is important to note that changing this attribute will delete and recreate the resource",
                      "description_kind": "plain",
                      "required": true
                    },
                    "quorum": {
                      "type": "number",
                      "description": "Percentage of capacity that needs to be up for the director itself to be considered up. Default `75`",
                      "description_kind": "plain",
                      "optional": true
                    },
                    "retries": {
                      "type": "number",
                      "description": "How many backends to search if it fails. Default `5`",
                      "description_kind": "plain",
                      "optional": true
                    },
                    "shield": {
                      "type": "string",
                      "description": "Selected POP to serve as a \"shield\" for backends. Valid values for `shield` are included in the [`GET /datacenters`](https://developer.fastly.com/reference/api/utils/datacenter/) API response",
                      "description_kind": "plain",
                      "optional": true
                    },
                    "type": {
                      "type": "number",
                      "description": "Type of load balance group to use. Integer, 1 to 4. Values: `1` (random), `3` (hash), `4` (client). Default `1`",
                      "description_kind": "plain",
                      "optional": true
                    }
                  },
                  "description_kind": "plain"
                }
              },
              "domain": {
                "nesting_mode": "set",
                "block": {
                  "attributes": {
                    "comment": {
                      "type": "string",
                      "description": "An optional comment about the Domain.",
                      "description_kind": "plain",
                      "optional": true
                    },
                    "name": {
                      "type": "string",
                      "description": "The domain that this Service will respond to. It is important to note that changing this attribute will delete and recreate the resource.",
                      "description_kind": "plain",
                      "required": true
                    }
                  },
                  "description": "A set of Domain names to serve as entry points for your Service",
                  "description_kind": "plain"
                },
                "min_items": 1
              },
              "dynamicsnippet": {
                "nesting_mode": "set",
                "block": {
                  "attributes": {
                    "content": {
                      "type": "string",
                      "description": "The VCL code that specifies exactly what the snippet does",
                      "description_kind": "plain",
                      "optional": true
                    },
                    "name": {
                      "type": "string",
                      "description": "A name that is unique across \"regular\" and \"dynamic\" VCL Snippet configuration blocks. It is important to note that changing this attribute will delete and recreate the resource",
                      "description_kind": "plain",
                      "required": true
                    },
                    "priority": {
                      "type": "number",
                      "description": "Priority determines the ordering for multiple snippets. Lower numbers execute first. Defaults to `100`",
                      "description_kind": "plain",
                      "optional": true
                    },
                    "snippet_id": {
                      "type": "string",
                      "description": "The ID of the dynamic snippet",
                      "description_kind": "plain",
                      "computed": true
                    },
                    "type": {
                      "type": "string",
                      "description": "The location in generated VCL where the snippet should be placed (can be one of `init`, `recv`, `hash`, `hit`, `miss`, `pass`, `fetch`, `error`, `deliver`, `log` or `none`)",
                      "description_kind": "plain",
                      "required": true
                    }
                  },
                  "description_kind": "plain"
                }
              },
              "gzip": {
                "nesting_mode": "set",
                "block": {
                  "attributes": {
                    "cache_condition": {
                      "type": "string",
                      "description": "Name of already defined `condition` controlling when this gzip configuration applies. This `condition` must be of type `CACHE`. For detailed information about Conditionals, see [Fastly's Documentation on Conditionals](https://docs.fastly.com/en/guides/using-conditions)",
                      "description_kind": "plain",
                      "optional": true
                    },
                    "content_types": {
                      "type": [
                        "list",
                        "string"
                      ],
                      "description": "The content-type for each type of content you wish to have dynamically gzip'ed. Example: `[\"text/html\", \"text/css\"]`",
                      "description_kind": "plain",
                      "optional": true
                    },
                    "extensions": {
                      "type": [
                        "list",
                        "string"
                      ],
                      "description": "File extensions for each file type to dynamically gzip. Example: `[\"css\", \"js\"]`",
                      "description_kind": "plain",
                      "optional": true
                    },
                    "name": {
                      "type": "string",
                      "description": "A name to refer to this gzip condition. It is important to note that changing this attribute will delete and recreate the resource",
                      "description_kind": "plain",
                      "required": true
                    }
                  },
                  "description_kind": "plain"
                }
              },
              "header": {
                "nesting_mode": "set",
                "block": {
                  "attributes": {
                    "action": {
                      "type": "string",
                      "description": "The Header manipulation action to take; must be one of `set`, `append`, `delete`, `regex`, or `regex_repeat`",
                      "description_kind": "plain",
                      "required": true
                    },
                    "cache_condition": {
                      "type": "string",
                      "description": "Name of already defined `condition` to apply. This `condition` must be of type `CACHE`",
                      "description_kind": "plain",
                      "optional": true
                    },
                    "destination": {
                      "type": "string",
                      "description": "The name of the header that is going to be affected by the Action",
                      "description_kind": "plain",
                      "required": true
                    },
                    "ignore_if_set": {
                      "type": "bool",
                      "description": "Don't add the header if it is already. (Only applies to `set` action.). Default `false`",
                      "description_kind": "plain",
                      "optional": true
                    },
                    "name": {
                      "type": "string",
                      "description": "Unique name for this header attribute. It is important to note that changing this attribute will delete and recreate the resource",
                      "description_kind": "plain",
                      "required": true
                    },
                    "priority": {
                      "type": "number",
                      "description": "Lower priorities execute first. Default: `100`",
                      "description_kind": "plain",
                      "optional": true
                    },
                    "regex": {
                      "type": "string",
                      "description": "Regular expression to use (Only applies to `regex` and `regex_repeat` actions.)",
                      "description_kind": "plain",
                      "optional": true,
                      "computed": true
                    },
                    "request_condition": {
                      "type": "string",
                      "description": "Name of already defined `condition` to apply. This `condition` must be of type `REQUEST`",
                      "description_kind": "plain",
                      "optional": true
                    },
                    "response_condition": {
                      "type": "string",
                      "description": "Name of already defined `condition` to apply. This `condition` must be of type `RESPONSE`. For detailed information about Conditionals, see [Fastly's Documentation on Conditionals](https://docs.fastly.com/en/guides/using-conditions)",
                      "description_kind": "plain",
                      "optional": true
                    },
                    "source": {
                      "type": "string",
                      "description": "Variable to be used as a source for the header content (Does not apply to `delete` action.)",
                      "description_kind": "plain",
                      "optional": true,
                      "computed": true
                    },
                    "substitution": {
                      "type": "string",
                      "description": "Value to substitute in place of regular expression. (Only applies to `regex` and `regex_repeat`.)",
                      "description_kind": "plain",
                      "optional": true,
                      "computed": true
                    },
                    "type": {
                      "type": "string",
                      "description": "The Request type on which to apply the selected Action; must be one of `request`, `fetch`, `cache` or `response`",
                      "description_kind": "plain",
                      "required": true
                    }
                  },
                  "description_kind": "plain"
                }
              },
              "healthcheck": {
                "nesting_mode": "set",
                "block": {
                  "attributes": {
                    "check_interval": {
                      "type": "number",
                      "description": "How often to run the Healthcheck in milliseconds. Default `5000`",
                      "description_kind": "plain",
                      "optional": true
                    },
                    "expected_response": {
                      "type": "number",
                      "description": "The status code expected from the host. Default `200`",
                      "description_kind": "plain",
                      "optional": true
                    },
                    "headers": {
                      "type": [
                        "set",
                        "string"
                      ],
                      "description": "Custom health check HTTP headers (e.g. if your health check requires an API key to be provided).",
                      "description_kind": "plain",
                      "optional": true
                    },
                    "host": {
                      "type": "string",
                      "description": "The Host header to send for this Healthcheck",
                      "description_kind": "plain",
                      "required": true
                    },
                    "http_version": {
                      "type": "string",
                      "description": "Whether to use version 1.0 or 1.1 HTTP. Default `1.1`",
                      "description_kind": "plain",
                      "optional": true
                    },
                    "initial": {
                      "type": "number",
                      "description": "When loading a config, the initial number of probes to be seen as OK. Default `3`",
                      "description_kind": "plain",
                      "optional": true
                    },
                    "method": {
                      "type": "string",
                      "description": "Which HTTP method to use. Default `HEAD`",
                      "description_kind": "plain",
                      "optional": true
                    },
                    "name": {
                      "type": "string",
                      "description": "A unique name to identify this Healthcheck. It is important to note that changing this attribute will delete and recreate the resource",
                      "description_kind": "plain",
                      "required": true
                    },
                    "path": {
                      "type": "string",
                      "description": "The path to check",
                      "description_kind": "plain",
                      "required": true
                    },
                    "threshold": {
                      "type": "number",
                      "description": "How many Healthchecks must succeed to be considered healthy. Default `3`",
                      "description_kind": "plain",
                      "optional": true
                    },
                    "timeout": {
                      "type": "number",
                      "description": "Timeout in milliseconds. Default `500`",
                      "description_kind": "plain",
                      "optional": true
                    },
                    "window": {
                      "type": "number",
                      "description": "The number of most recent Healthcheck queries to keep for this Healthcheck. Default `5`",
                      "description_kind": "plain",
                      "optional": true
                    }
                  },
                  "description_kind": "plain"
                }
              },
              "logging_bigquery": {
                "nesting_mode": "set",
                "block": {
                  "attributes": {
                    "account_name": {
                      "type": "string",
                      "description": "The google account name used to obtain temporary credentials (default none). You may optionally provide this via an environment variable, `FASTLY_GCS_ACCOUNT_NAME`.",
                      "description_kind": "plain",
                      "optional": true
                    },
                    "dataset": {
                      "type": "string",
                      "description": "The ID of your BigQuery dataset",
                      "description_kind": "plain",
                      "required": true
                    },
                    "email": {
                      "type": "string",
                      "description": "The email for the service account with write access to your BigQuery dataset. If not provided, this will be pulled from a `FASTLY_BQ_EMAIL` environment variable",
                      "description_kind": "plain",
                      "optional": true,
                      "sensitive": true
                    },
                    "format": {
                      "type": "string",
                      "description": "The logging format desired.",
                      "description_kind": "plain",
                      "optional": true
                    },
                    "name": {
                      "type": "string",
                      "description": "A unique name to identify this BigQuery logging endpoint. It is important to note that changing this attribute will delete and recreate the resource",
                      "description_kind": "plain",
                      "required": true
                    },
                    "placement": {
                      "type": "string",
                      "description": "Where in the generated VCL the logging call should be placed.",
                      "description_kind": "plain",
                      "optional": true
                    },
                    "project_id": {
                      "type": "string",
                      "description": "The ID of your GCP project",
                      "description_kind": "plain",
                      "required": true
                    },
                    "response_condition": {
                      "type": "string",
                      "description": "Name of a condition to apply this logging.",
                      "description_kind": "plain",
                      "optional": true
                    },
                    "secret_key": {
                      "type": "string",
                      "description": "The secret key associated with the service account that has write access to your BigQuery table. If not provided, this will be pulled from the `FASTLY_BQ_SECRET_KEY` environment variable. Typical format for this is a private key in a string with newlines",
                      "description_kind": "plain",
                      "optional": true,
                      "sensitive": true
                    },
                    "table": {
                      "type": "string",
                      "description": "The ID of your BigQuery table",
                      "description_kind": "plain",
                      "required": true
                    },
                    "template": {
                      "type": "string",
                      "description": "BigQuery table name suffix template",
                      "description_kind": "plain",
                      "optional": true
                    }
                  },
                  "description_kind": "plain"
                }
              },
              "logging_blobstorage": {
                "nesting_mode": "set",
                "block": {
                  "attributes": {
                    "account_name": {
                      "type": "string",
                      "description": "The unique Azure Blob Storage namespace in which your data objects are stored",
                      "description_kind": "plain",
                      "required": true
                    },
                    "compression_codec": {
                      "type": "string",
                      "description": "The codec used for compression of your logs. Valid values are zstd, snappy, and gzip. If the specified codec is \"gzip\", gzip_level will default to 3. To specify a different level, leave compression_codec blank and explicitly set the level using gzip_level. Specifying both compression_codec and gzip_level in the same API request will result in an error.",
                      "description_kind": "plain",
                      "optional": true
                    },
                    "container": {
                      "type": "string",
                      "description": "The name of the Azure Blob Storage container in which to store logs",
                      "description_kind": "plain",
                      "required": true
                    },
                    "file_max_bytes": {
                      "type": "number",
                      "description": "Maximum size of an uploaded log file, if non-zero.",
                      "description_kind": "plain",
                      "optional": true
                    },
                    "format": {
                      "type": "string",
                      "description": "Apache-style string or VCL variables to use for log formatting (default: `%h %l %u %t \"%r\" %>s %b`)",
                      "description_kind": "plain",
                      "optional": true
                    },
                    "format_version": {
                      "type": "number",
                      "description": "The version of the custom logging format used for the configured endpoint. Can be either 1 or 2. (default: 2)",
                      "description_kind": "plain",
                      "optional": true
                    },
                    "gzip_level": {
                      "type": "number",
                      "description": "Level of Gzip compression from `0-9`. `0` means no compression. `1` is the fastest and the least compressed version, `9` is the slowest and the most compressed version. Default `0`",
                      "description_kind": "plain",
                      "optional": true
                    },
                    "message_type": {
                      "type": "string",
                      "description": "How the message should be formatted. Can be either `classic`, `loggly`, `logplex` or `blank`. Default is `classic`",
                      "description_kind": "plain",
                      "optional": true
                    },
                    "name": {
                      "type": "string",
                      "description": "A unique name to identify the Azure Blob Storage endpoint. It is important to note that changing this attribute will delete and recreate the resource",
                      "description_kind": "plain",
                      "required": true
                    },
                    "path": {
                      "type": "string",
                      "description": "The path to upload logs to. Must end with a trailing slash. If this field is left empty, the files will be saved in the container's root path",
                      "description_kind": "plain",
                      "optional": true
                    },
                    "period": {
                      "type": "number",
                      "description": "How frequently the logs should be transferred in seconds. Default `3600`",
                      "description_kind": "plain",
                      "optional": true
                    },
                    "placement": {
                      "type": "string",
                      "description": "Where in the generated VCL the logging call should be placed",
                      "description_kind": "plain",
                      "optional": true
                    },
                    "public_key": {
                      "type": "string",
                      "description": "A PGP public key that Fastly will use to encrypt your log files before writing them to disk",
                      "description_kind": "plain",
                      "optional": true
                    },
                    "response_condition": {
                      "type": "string",
                      "description": "The name of the condition to apply",
                      "description_kind": "plain",
                      "optional": true
                    },
                    "sas_token": {
                      "type": "string",
                      "description": "The Azure shared access signature providing write access to the blob service objects. Be sure to update your token before it expires or the logging functionality will not work",
                      "description_kind": "plain",
                      "optional": true,
                      "sensitive": true
                    },
                    "timestamp_format": {
                      "type": "string",
                      "description": "The `strftime` specified timestamp formatting (default `%Y-%m-%dT%H:%M:%S.000`)",
                      "description_kind": "plain",
                      "optional": true
                    }
                  },
                  "description_kind": "plain"
                }
              },
              "logging_cloudfiles": {
                "nesting_mode": "set",
                "block": {
                  "attributes": {
                    "access_key": {
                      "type": "string",
                      "description": "Your Cloud File account access key",
                      "description_kind": "plain",
                      "required": true,
                      "sensitive": true
                    },
                    "bucket_name": {
                      "type": "string",
                      "description": "The name of your Cloud Files container",
                      "description_kind": "plain",
                      "required": true
                    },
                    "compression_codec": {
                      "type": "string",
                      "description": "The codec used for compression of your logs. Valid values are zstd, snappy, and gzip. If the specified codec is \"gzip\", gzip_level will default to 3. To specify a different level, leave compression_codec blank and explicitly set the level using gzip_level. Specifying both compression_codec and gzip_level in the same API request will result in an error.",
                      "description_kind": "plain",
                      "optional": true
                    },
                    "format": {
                      "type": "string",
                      "description": "Apache style log formatting.",
                      "description_kind": "plain",
                      "optional": true
                    },
                    "format_version": {
                      "type": "number",
                      "description": "The version of the custom logging format used for the configured endpoint. Can be either `1` or `2`. (default: `2`).",
                      "description_kind": "plain",
                      "optional": true
                    },
                    "gzip_level": {
                      "type": "number",
                      "description": "Level of Gzip compression from `0-9`. `0` means no compression. `1` is the fastest and the least compressed version, `9` is the slowest and the most compressed version. Default `0`",
                      "description_kind": "plain",
                      "optional": true
                    },
                    "message_type": {
                      "type": "string",
                      "description": "How the message should be formatted. Can be either `classic`, `loggly`, `logplex` or `blank`. Default is `classic`",
                      "description_kind": "plain",
                      "optional": true
                    },
                    "name": {
                      "type": "string",
                      "description": "The unique name of the Rackspace Cloud Files logging endpoint. It is important to note that changing this attribute will delete and recreate the resource",
                      "description_kind": "plain",
                      "required": true
                    },
                    "path": {
                      "type": "string",
                      "description": "The path to upload logs to",
                      "description_kind": "plain",
                      "optional": true
                    },
                    "period": {
                      "type": "number",
                      "description": "How frequently log files are finalized so they can be available for reading (in seconds, default `3600`)",
                      "description_kind": "plain",
                      "optional": true
                    },
                    "placement": {
                      "type": "string",
                      "description": "Where in the generated VCL the logging call should be placed. Can be `none` or `waf_debug`.",
                      "description_kind": "plain",
                      "optional": true
                    },
                    "public_key": {
                      "type": "string",
                      "description": "The PGP public key that Fastly will use to encrypt your log files before writing them to disk",
                      "description_kind": "plain",
                      "optional": true
                    },
                    "region": {
                      "type": "string",
                      "description": "The region to stream logs to. One of: DFW (Dallas), ORD (Chicago), IAD (Northern Virginia), LON (London), SYD (Sydney), HKG (Hong Kong)",
                      "description_kind": "plain",
                      "optional": true
                    },
                    "response_condition": {
                      "type": "string",
                      "description": "The name of an existing condition in the configured endpoint, or leave blank to always execute.",
                      "description_kind": "plain",
                      "optional": true
                    },
                    "timestamp_format": {
                      "type": "string",
                      "description": "The `strftime` specified timestamp formatting (default `%Y-%m-%dT%H:%M:%S.000`)",
                      "description_kind": "plain",
                      "optional": true
                    },
                    "user": {
                      "type": "string",
                      "description": "The username for your Cloud Files account",
                      "description_kind": "plain",
                      "required": true
                    }
                  },
                  "description_kind": "plain"
                }
              },
              "logging_datadog": {
                "nesting_mode": "set",
                "block": {
                  "attributes": {
                    "format": {
                      "type": "string",
                      "description": "Apache-style string or VCL variables to use for log formatting.",
                      "description_kind": "plain",
                      "optional": true
                    },
                    "format_version": {
                      "type": "number",
                      "description": "The version of the custom logging format used for the configured endpoint. Can be either `1` or `2`. (default: `2`).",
                      "description_kind": "plain",
                      "optional": true
                    },
                    "name": {
                      "type": "string",
                      "description": "The unique name of the Datadog logging endpoint. It is important to note that changing this attribute will delete and recreate the resource",
                      "description_kind": "plain",
                      "required": true
                    },
                    "placement": {
                      "type": "string",
                      "description": "Where in the generated VCL the logging call should be placed.",
                      "description_kind": "plain",
                      "optional": true
                    },
                    "region": {
                      "type": "string",
                      "description": "The region that log data will be sent to. One of `US` or `EU`. Defaults to `US` if undefined",
                      "description_kind": "plain",
                      "optional": true
                    },
                    "response_condition": {
                      "type": "string",
                      "description": "The name of the condition to apply.",
                      "description_kind": "plain",
                      "optional": true
                    },
                    "token": {
                      "type": "string",
                      "description": "The API key from your Datadog account",
                      "description_kind": "plain",
                      "required": true,
                      "sensitive": true
                    }
                  },
                  "description_kind": "plain"
                }
              },
              "logging_digitalocean": {
                "nesting_mode": "set",
                "block": {
                  "attributes": {
                    "access_key": {
                      "type": "string",
                      "description": "Your DigitalOcean Spaces account access key",
                      "description_kind": "plain",
                      "required": true,
                      "sensitive": true
                    },
                    "bucket_name": {
                      "type": "string",
                      "description": "The name of the DigitalOcean Space",
                      "description_kind": "plain",
                      "required": true
                    },
                    "compression_codec": {
                      "type": "string",
                      "description": "The codec used for compression of your logs. Valid values are zstd, snappy, and gzip. If the specified codec is \"gzip\", gzip_level will default to 3. To specify a different level, leave compression_codec blank and explicitly set the level using gzip_level. Specifying both compression_codec and gzip_level in the same API request will result in an error.",
                      "description_kind": "plain",
                      "optional": true
                    },
                    "domain": {
                      "type": "string",
                      "description": "The domain of the DigitalOcean Spaces endpoint (default `nyc3.digitaloceanspaces.com`)",
                      "description_kind": "plain",
                      "optional": true
                    },
                    "format": {
                      "type": "string",
                      "description": "Apache style log formatting.",
                      "description_kind": "plain",
                      "optional": true
                    },
                    "format_version": {
                      "type": "number",
                      "description": "The version of the custom logging format used for the configured endpoint. Can be either `1` or `2`. (default: `2`).",
                      "description_kind": "plain",
                      "optional": true
                    },
                    "gzip_level": {
                      "type": "number",
                      "description": "Level of Gzip compression from `0-9`. `0` means no compression. `1` is the fastest and the least compressed version, `9` is the slowest and the most compressed version. Default `0`",
                      "description_kind": "plain",
                      "optional": true
                    },
                    "message_type": {
                      "type": "string",
                      "description": "How the message should be formatted. Can be either `classic`, `loggly`, `logplex` or `blank`. Default is `classic`",
                      "description_kind": "plain",
                      "optional": true
                    },
                    "name": {
                      "type": "string",
                      "description": "The unique name of the DigitalOcean Spaces logging endpoint. It is important to note that changing this attribute will delete and recreate the resource",
                      "description_kind": "plain",
                      "required": true
                    },
                    "path": {
                      "type": "string",
                      "description": "The path to upload logs to",
                      "description_kind": "plain",
                      "optional": true
                    },
                    "period": {
                      "type": "number",
                      "description": "How frequently log files are finalized so they can be available for reading (in seconds, default `3600`)",
                      "description_kind": "plain",
                      "optional": true
                    },
                    "placement": {
                      "type": "string",
                      "description": "Where in the generated VCL the logging call should be placed. Can be `none` or `waf_debug`.",
                      "description_kind": "plain",
                      "optional": true
                    },
                    "public_key": {
                      "type": "string",
                      "description": "A PGP public key that Fastly will use to encrypt your log files before writing them to disk",
                      "description_kind": "plain",
                      "optional": true
                    },
                    "response_condition": {
                      "type": "string",
                      "description": "The name of an existing condition in the configured endpoint, or leave blank to always execute.",
                      "description_kind": "plain",
                      "optional": true
                    },
                    "secret_key": {
                      "type": "string",
                      "description": "Your DigitalOcean Spaces account secret key",
                      "description_kind": "plain",
                      "required": true,
                      "sensitive": true
                    },
                    "timestamp_format": {
                      "type": "string",
                      "description": "The `strftime` specified timestamp formatting (default `%Y-%m-%dT%H:%M:%S.000`)",
                      "description_kind": "plain",
                      "optional": true
                    }
                  },
                  "description_kind": "plain"
                }
              },
              "logging_elasticsearch": {
                "nesting_mode": "set",
                "block": {
                  "attributes": {
                    "format": {
                      "type": "string",
                      "description": "Apache-style string or VCL variables to use for log formatting.",
                      "description_kind": "plain",
                      "optional": true
                    },
                    "format_version": {
                      "type": "number",
                      "description": "The version of the custom logging format used for the configured endpoint. Can be either 1 or 2. (default: 2).",
                      "description_kind": "plain",
                      "optional": true
                    },
                    "index": {
                      "type": "string",
                      "description": "The name of the Elasticsearch index to send documents (logs) to",
                      "description_kind": "plain",
                      "required": true
                    },
                    "name": {
                      "type": "string",
                      "description": "The unique name of the Elasticsearch logging endpoint. It is important to note that changing this attribute will delete and recreate the resource",
                      "description_kind": "plain",
                      "required": true
                    },
                    "password": {
                      "type": "string",
                      "description": "BasicAuth password for Elasticsearch",
                      "description_kind": "plain",
                      "optional": true,
                      "sensitive": true
                    },
                    "pipeline": {
                      "type": "string",
                      "description": "The ID of the Elasticsearch ingest pipeline to apply pre-process transformations to before indexing",
                      "description_kind": "plain",
                      "optional": true
                    },
                    "placement": {
                      "type": "string",
                      "description": "Where in the generated VCL the logging call should be placed.",
                      "description_kind": "plain",
                      "optional": true
                    },
                    "request_max_bytes": {
                      "type": "number",
                      "description": "The maximum number of logs sent in one request. Defaults to `0` for unbounded",
                      "description_kind": "plain",
                      "optional": true
                    },
                    "request_max_entries": {
                      "type": "number",
                      "description": "The maximum number of bytes sent in one request. Defaults to `0` for unbounded",
                      "description_kind": "plain",
                      "optional": true
                    },
                    "response_condition": {
                      "type": "string",
                      "description": "The name of the condition to apply",
                      "description_kind": "plain",
                      "optional": true
                    },
                    "tls_ca_cert": {
                      "type": "string",
                      "description": "A secure certificate to authenticate the server with. Must be in PEM format",
                      "description_kind": "plain",
                      "optional": true
                    },
                    "tls_client_cert": {
                      "type": "string",
                      "description": "The client certificate used to make authenticated requests. Must be in PEM format",
                      "description_kind": "plain",
                      "optional": true
                    },
                    "tls_client_key": {
                      "type": "string",
                      "description": "The client private key used to make authenticated requests. Must be in PEM format",
                      "description_kind": "plain",
                      "optional": true,
                      "sensitive": true
                    },
                    "tls_hostname": {
                      "type": "string",
                      "description": "The hostname used to verify the server's certificate. It can either be the Common Name (CN) or a Subject Alternative Name (SAN)",
                      "description_kind": "plain",
                      "optional": true
                    },
                    "url": {
                      "type": "string",
                      "description": "The Elasticsearch URL to stream logs to",
                      "description_kind": "plain",
                      "required": true
                    },
                    "user": {
                      "type": "string",
                      "description": "BasicAuth username for Elasticsearch",
                      "description_kind": "plain",
                      "optional": true
                    }
                  },
                  "description_kind": "plain"
                }
              },
              "logging_ftp": {
                "nesting_mode": "set",
                "block": {
                  "attributes": {
                    "address": {
                      "type": "string",
                      "description": "The FTP address to stream logs to",
                      "description_kind": "plain",
                      "required": true
                    },
                    "compression_codec": {
                      "type": "string",
                      "description": "The codec used for compression of your logs. Valid values are zstd, snappy, and gzip. If the specified codec is \"gzip\", gzip_level will default to 3. To specify a different level, leave compression_codec blank and explicitly set the level using gzip_level. Specifying both compression_codec and gzip_level in the same API request will result in an error.",
                      "description_kind": "plain",
                      "optional": true
                    },
                    "format": {
                      "type": "string",
                      "description": "Apache-style string or VCL variables to use for log formatting.",
                      "description_kind": "plain",
                      "optional": true
                    },
                    "format_version": {
                      "type": "number",
                      "description": "The version of the custom logging format used for the configured endpoint. Can be either 1 or 2. (default: 2).",
                      "description_kind": "plain",
                      "optional": true
                    },
                    "gzip_level": {
                      "type": "number",
                      "description": "Level of Gzip compression from `0-9`. `0` means no compression. `1` is the fastest and the least compressed version, `9` is the slowest and the most compressed version. Default `0`",
                      "description_kind": "plain",
                      "optional": true
                    },
                    "message_type": {
                      "type": "string",
                      "description": "How the message should be formatted. Can be either `classic`, `loggly`, `logplex` or `blank`. Default is `classic`",
                      "description_kind": "plain",
                      "optional": true
                    },
                    "name": {
                      "type": "string",
                      "description": "The unique name of the FTP logging endpoint. It is important to note that changing this attribute will delete and recreate the resource",
                      "description_kind": "plain",
                      "required": true
                    },
                    "password": {
                      "type": "string",
                      "description": "The password for the server (for anonymous use an email address)",
                      "description_kind": "plain",
                      "required": true,
                      "sensitive": true
                    },
                    "path": {
                      "type": "string",
                      "description": "The path to upload log files to. If the path ends in `/` then it is treated as a directory",
                      "description_kind": "plain",
                      "required": true
                    },
                    "period": {
                      "type": "number",
                      "description": "How frequently the logs should be transferred, in seconds (Default `3600`)",
                      "description_kind": "plain",
                      "optional": true
                    },
                    "placement": {
                      "type": "string",
                      "description": "Where in the generated VCL the logging call should be placed.",
                      "description_kind": "plain",
                      "optional": true
                    },
                    "port": {
                      "type": "number",
                      "description": "The port number. Default: `21`",
                      "description_kind": "plain",
                      "optional": true
                    },
                    "public_key": {
                      "type": "string",
                      "description": "The PGP public key that Fastly will use to encrypt your log files before writing them to disk",
                      "description_kind": "plain",
                      "optional": true
                    },
                    "response_condition": {
                      "type": "string",
                      "description": "The name of the condition to apply.",
                      "description_kind": "plain",
                      "optional": true
                    },
                    "timestamp_format": {
                      "type": "string",
                      "description": "The `strftime` specified timestamp formatting (default `%Y-%m-%dT%H:%M:%S.000`)",
                      "description_kind": "plain",
                      "optional": true
                    },
                    "user": {
                      "type": "string",
                      "description": "The username for the server (can be `anonymous`)",
                      "description_kind": "plain",
                      "required": true
                    }
                  },
                  "description_kind": "plain"
                }
              },
              "logging_gcs": {
                "nesting_mode": "set",
                "block": {
                  "attributes": {
                    "account_name": {
                      "type": "string",
                      "description": "The google account name used to obtain temporary credentials (default none). You may optionally provide this via an environment variable, `FASTLY_GCS_ACCOUNT_NAME`.",
                      "description_kind": "plain",
                      "optional": true
                    },
                    "bucket_name": {
                      "type": "string",
                      "description": "The name of the bucket in which to store the logs",
                      "description_kind": "plain",
                      "required": true
                    },
                    "compression_codec": {
                      "type": "string",
                      "description": "The codec used for compression of your logs. Valid values are zstd, snappy, and gzip. If the specified codec is \"gzip\", gzip_level will default to 3. To specify a different level, leave compression_codec blank and explicitly set the level using gzip_level. Specifying both compression_codec and gzip_level in the same API request will result in an error.",
                      "description_kind": "plain",
                      "optional": true
                    },
                    "format": {
                      "type": "string",
                      "description": "Apache-style string or VCL variables to use for log formatting",
                      "description_kind": "plain",
                      "optional": true
                    },
                    "format_version": {
                      "type": "number",
                      "description": "The version of the custom logging format used for the configured endpoint. Can be either 1 or 2. (Default: 2)",
                      "description_kind": "plain",
                      "optional": true
                    },
                    "gzip_level": {
                      "type": "number",
                      "description": "Level of Gzip compression from `0-9`. `0` means no compression. `1` is the fastest and the least compressed version, `9` is the slowest and the most compressed version. Default `0`",
                      "description_kind": "plain",
                      "optional": true
                    },
                    "message_type": {
                      "type": "string",
                      "description": "How the message should be formatted. Can be either `classic`, `loggly`, `logplex` or `blank`. Default is `classic`",
                      "description_kind": "plain",
                      "optional": true
                    },
                    "name": {
                      "type": "string",
                      "description": "A unique name to identify this GCS endpoint. It is important to note that changing this attribute will delete and recreate the resource",
                      "description_kind": "plain",
                      "required": true
                    },
                    "path": {
                      "type": "string",
                      "description": "Path to store the files. Must end with a trailing slash. If this field is left empty, the files will be saved in the bucket's root path",
                      "description_kind": "plain",
                      "optional": true
                    },
                    "period": {
                      "type": "number",
                      "description": "How frequently the logs should be transferred, in seconds (Default 3600)",
                      "description_kind": "plain",
                      "optional": true
                    },
                    "placement": {
                      "type": "string",
                      "description": "Where in the generated VCL the logging call should be placed.",
                      "description_kind": "plain",
                      "optional": true
                    },
                    "response_condition": {
                      "type": "string",
                      "description": "Name of a condition to apply this logging.",
                      "description_kind": "plain",
                      "optional": true
                    },
                    "secret_key": {
                      "type": "string",
                      "description": "The secret key associated with the target gcs bucket on your account. You may optionally provide this secret via an environment variable, `FASTLY_GCS_SECRET_KEY`. A typical format for the key is PEM format, containing actual newline characters where required",
                      "description_kind": "plain",
                      "optional": true,
                      "sensitive": true
                    },
                    "timestamp_format": {
                      "type": "string",
                      "description": "The `strftime` specified timestamp formatting (default `%Y-%m-%dT%H:%M:%S.000`)",
                      "description_kind": "plain",
                      "optional": true
                    },
                    "user": {
                      "type": "string",
                      "description": "Your Google Cloud Platform service account email address. The `client_email` field in your service account authentication JSON. You may optionally provide this via an environment variable, `FASTLY_GCS_EMAIL`.",
                      "description_kind": "plain",
                      "optional": true
                    }
                  },
                  "description_kind": "plain"
                }
              },
              "logging_googlepubsub": {
                "nesting_mode": "set",
                "block": {
                  "attributes": {
                    "account_name": {
                      "type": "string",
                      "description": "The google account name used to obtain temporary credentials (default none). You may optionally provide this via an environment variable, `FASTLY_GCS_ACCOUNT_NAME`.",
                      "description_kind": "plain",
                      "optional": true
                    },
                    "format": {
                      "type": "string",
                      "description": "Apache style log formatting.",
                      "description_kind": "plain",
                      "optional": true
                    },
                    "format_version": {
                      "type": "number",
                      "description": "The version of the custom logging format used for the configured endpoint. Can be either 1 or 2. (default: 2).",
                      "description_kind": "plain",
                      "optional": true
                    },
                    "name": {
                      "type": "string",
                      "description": "The unique name of the Google Cloud Pub/Sub logging endpoint. It is important to note that changing this attribute will delete and recreate the resource",
                      "description_kind": "plain",
                      "required": true
                    },
                    "placement": {
                      "type": "string",
                      "description": "Where in the generated VCL the logging call should be placed.",
                      "description_kind": "plain",
                      "optional": true
                    },
                    "project_id": {
                      "type": "string",
                      "description": "The ID of your Google Cloud Platform project",
                      "description_kind": "plain",
                      "required": true
                    },
                    "response_condition": {
                      "type": "string",
                      "description": "The name of an existing condition in the configured endpoint, or leave blank to always execute.",
                      "description_kind": "plain",
                      "optional": true
                    },
                    "secret_key": {
                      "type": "string",
                      "description": "Your Google Cloud Platform account secret key. The `private_key` field in your service account authentication JSON. You may optionally provide this secret via an environment variable, `FASTLY_GOOGLE_PUBSUB_SECRET_KEY`.",
                      "description_kind": "plain",
                      "optional": true,
                      "sensitive": true
                    },
                    "topic": {
                      "type": "string",
                      "description": "The Google Cloud Pub/Sub topic to which logs will be published",
                      "description_kind": "plain",
                      "required": true
                    },
                    "user": {
                      "type": "string",
                      "description": "Your Google Cloud Platform service account email address. The `client_email` field in your service account authentication JSON. You may optionally provide this via an environment variable, `FASTLY_GOOGLE_PUBSUB_EMAIL`.",
                      "description_kind": "plain",
                      "optional": true
                    }
                  },
                  "description_kind": "plain"
                }
              },
              "logging_heroku": {
                "nesting_mode": "set",
                "block": {
                  "attributes": {
                    "format": {
                      "type": "string",
                      "description": "Apache-style string or VCL variables to use for log formatting.",
                      "description_kind": "plain",
                      "optional": true
                    },
                    "format_version": {
                      "type": "number",
                      "description": "The version of the custom logging format used for the configured endpoint. Can be either `1` or `2`. (default: `2`).",
                      "description_kind": "plain",
                      "optional": true
                    },
                    "name": {
                      "type": "string",
                      "description": "The unique name of the Heroku logging endpoint. It is important to note that changing this attribute will delete and recreate the resource",
                      "description_kind": "plain",
                      "required": true
                    },
                    "placement": {
                      "type": "string",
                      "description": "Where in the generated VCL the logging call should be placed. Can be `none` or `waf_debug`.",
                      "description_kind": "plain",
                      "optional": true
                    },
                    "response_condition": {
                      "type": "string",
                      "description": "The name of an existing condition in the configured endpoint, or leave blank to always execute.",
                      "description_kind": "plain",
                      "optional": true
                    },
                    "token": {
                      "type": "string",
                      "description": "The token to use for authentication (https://www.heroku.com/docs/customer-token-authentication-token/)",
                      "description_kind": "plain",
                      "required": true,
                      "sensitive": true
                    },
                    "url": {
                      "type": "string",
                      "description": "The URL to stream logs to",
                      "description_kind": "plain",
                      "required": true
                    }
                  },
                  "description_kind": "plain"
                }
              },
              "logging_honeycomb": {
                "nesting_mode": "set",
                "block": {
                  "attributes": {
                    "dataset": {
                      "type": "string",
                      "description": "The Honeycomb Dataset you want to log to",
                      "description_kind": "plain",
                      "required": true
                    },
                    "format": {
                      "type": "string",
                      "description": "Apache style log formatting. Your log must produce valid JSON that Honeycomb can ingest.",
                      "description_kind": "plain",
                      "optional": true
                    },
                    "format_version": {
                      "type": "number",
                      "description": "The version of the custom logging format used for the configured endpoint. Can be either `1` or `2`. (default: `2`).",
                      "description_kind": "plain",
                      "optional": true
                    },
                    "name": {
                      "type": "string",
                      "description": "The unique name of the Honeycomb logging endpoint. It is important to note that changing this attribute will delete and recreate the resource",
                      "description_kind": "plain",
                      "required": true
                    },
                    "placement": {
                      "type": "string",
                      "description": "Where in the generated VCL the logging call should be placed. Can be `none` or `waf_debug`.",
                      "description_kind": "plain",
                      "optional": true
                    },
                    "response_condition": {
                      "type": "string",
                      "description": "The name of an existing condition in the configured endpoint, or leave blank to always execute.",
                      "description_kind": "plain",
                      "optional": true
                    },
                    "token": {
                      "type": "string",
                      "description": "The Write Key from the Account page of your Honeycomb account",
                      "description_kind": "plain",
                      "required": true,
                      "sensitive": true
                    }
                  },
                  "description_kind": "plain"
                }
              },
              "logging_https": {
                "nesting_mode": "set",
                "block": {
                  "attributes": {
                    "content_type": {
                      "type": "string",
                      "description": "Value of the `Content-Type` header sent with the request",
                      "description_kind": "plain",
                      "optional": true
                    },
                    "format": {
                      "type": "string",
                      "description": "Apache-style string or VCL variables to use for log formatting.",
                      "description_kind": "plain",
                      "optional": true
                    },
                    "format_version": {
                      "type": "number",
                      "description": "The version of the custom logging format used for the configured endpoint. Can be either 1 or 2. (default: 2)",
                      "description_kind": "plain",
                      "optional": true
                    },
                    "header_name": {
                      "type": "string",
                      "description": "Custom header sent with the request",
                      "description_kind": "plain",
                      "optional": true
                    },
                    "header_value": {
                      "type": "string",
                      "description": "Value of the custom header sent with the request",
                      "description_kind": "plain",
                      "optional": true
                    },
                    "json_format": {
                      "type": "string",
                      "description": "Formats log entries as JSON. Can be either disabled (`0`), array of json (`1`), or newline delimited json (`2`)",
                      "description_kind": "plain",
                      "optional": true
                    },
                    "message_type": {
                      "type": "string",
                      "description": "How the message should be formatted. Can be either `classic`, `loggly`, `logplex` or `blank`. Default is `classic`",
                      "description_kind": "plain",
                      "optional": true
                    },
                    "method": {
                      "type": "string",
                      "description": "HTTP method used for request. Can be either `POST` or `PUT`. Default `POST`",
                      "description_kind": "plain",
                      "optional": true
                    },
                    "name": {
                      "type": "string",
                      "description": "The unique name of the HTTPS logging endpoint. It is important to note that changing this attribute will delete and recreate the resource",
                      "description_kind": "plain",
                      "required": true
                    },
                    "placement": {
                      "type": "string",
                      "description": "Where in the generated VCL the logging call should be placed",
                      "description_kind": "plain",
                      "optional": true
                    },
                    "request_max_bytes": {
                      "type": "number",
                      "description": "The maximum number of bytes sent in one request",
                      "description_kind": "plain",
                      "optional": true
                    },
                    "request_max_entries": {
                      "type": "number",
                      "description": "The maximum number of logs sent in one request",
                      "description_kind": "plain",
                      "optional": true
                    },
                    "response_condition": {
                      "type": "string",
                      "description": "The name of the condition to apply",
                      "description_kind": "plain",
                      "optional": true
                    },
                    "tls_ca_cert": {
                      "type": "string",
                      "description": "A secure certificate to authenticate the server with. Must be in PEM format",
                      "description_kind": "plain",
                      "optional": true
                    },
                    "tls_client_cert": {
                      "type": "string",
                      "description": "The client certificate used to make authenticated requests. Must be in PEM format",
                      "description_kind": "plain",
                      "optional": true
                    },
                    "tls_client_key": {
                      "type": "string",
                      "description": "The client private key used to make authenticated requests. Must be in PEM format",
                      "description_kind": "plain",
                      "optional": true,
                      "sensitive": true
                    },
                    "tls_hostname": {
                      "type": "string",
                      "description": "Used during the TLS handshake to validate the certificate",
                      "description_kind": "plain",
                      "optional": true
                    },
                    "url": {
                      "type": "string",
                      "description": "URL that log data will be sent to. Must use the https protocol",
                      "description_kind": "plain",
                      "required": true
                    }
                  },
                  "description_kind": "plain"
                }
              },
              "logging_kafka": {
                "nesting_mode": "set",
                "block": {
                  "attributes": {
                    "auth_method": {
                      "type": "string",
                      "description": "SASL authentication method. One of: plain, scram-sha-256, scram-sha-512",
                      "description_kind": "plain",
                      "optional": true
                    },
                    "brokers": {
                      "type": "string",
                      "description": "A comma-separated list of IP addresses or hostnames of Kafka brokers",
                      "description_kind": "plain",
                      "required": true
                    },
                    "compression_codec": {
                      "type": "string",
                      "description": "The codec used for compression of your logs. One of: `gzip`, `snappy`, `lz4`",
                      "description_kind": "plain",
                      "optional": true
                    },
                    "format": {
                      "type": "string",
                      "description": "Apache style log formatting.",
                      "description_kind": "plain",
                      "optional": true
                    },
                    "format_version": {
                      "type": "number",
                      "description": "The version of the custom logging format used for the configured endpoint. Can be either 1 or 2. (default: 2).",
                      "description_kind": "plain",
                      "optional": true
                    },
                    "name": {
                      "type": "string",
                      "description": "The unique name of the Kafka logging endpoint. It is important to note that changing this attribute will delete and recreate the resource",
                      "description_kind": "plain",
                      "required": true
                    },
                    "parse_log_keyvals": {
                      "type": "bool",
                      "description": "Enables parsing of key=value tuples from the beginning of a logline, turning them into record headers",
                      "description_kind": "plain",
                      "optional": true
                    },
                    "password": {
                      "type": "string",
                      "description": "SASL Pass",
                      "description_kind": "plain",
                      "optional": true,
                      "sensitive": true
                    },
                    "placement": {
                      "type": "string",
                      "description": "Where in the generated VCL the logging call should be placed.",
                      "description_kind": "plain",
                      "optional": true
                    },
                    "request_max_bytes": {
                      "type": "number",
                      "description": "Maximum size of log batch, if non-zero. Defaults to 0 for unbounded",
                      "description_kind": "plain",
                      "optional": true
                    },
                    "required_acks": {
                      "type": "string",
                      "description": "The Number of acknowledgements a leader must receive before a write is considered successful. One of: `1` (default) One server needs to respond. `0` No servers need to respond. `-1` Wait for all in-sync replicas to respond",
                      "description_kind": "plain",
                      "optional": true
                    },
                    "response_condition": {
                      "type": "string",
                      "description": "The name of an existing condition in the configured endpoint, or leave blank to always execute.",
                      "description_kind": "plain",
                      "optional": true
                    },
                    "tls_ca_cert": {
                      "type": "string",
                      "description": "A secure certificate to authenticate the server with. Must be in PEM format",
                      "description_kind": "plain",
                      "optional": true
                    },
                    "tls_client_cert": {
                      "type": "string",
                      "description": "The client certificate used to make authenticated requests. Must be in PEM format",
                      "description_kind": "plain",
                      "optional": true
                    },
                    "tls_client_key": {
                      "type": "string",
                      "description": "The client private key used to make authenticated requests. Must be in PEM format",
                      "description_kind": "plain",
                      "optional": true,
                      "sensitive": true
                    },
                    "tls_hostname": {
                      "type": "string",
                      "description": "The hostname used to verify the server's certificate. It can either be the Common Name or a Subject Alternative Name (SAN)",
                      "description_kind": "plain",
                      "optional": true
                    },
                    "topic": {
                      "type": "string",
                      "description": "The Kafka topic to send logs to",
                      "description_kind": "plain",
                      "required": true
                    },
                    "use_tls": {
                      "type": "bool",
                      "description": "Whether to use TLS for secure logging. Can be either `true` or `false`",
                      "description_kind": "plain",
                      "optional": true
                    },
                    "user": {
                      "type": "string",
                      "description": "SASL User",
                      "description_kind": "plain",
                      "optional": true
                    }
                  },
                  "description_kind": "plain"
                }
              },
              "logging_kinesis": {
                "nesting_mode": "set",
                "block": {
                  "attributes": {
                    "access_key": {
                      "type": "string",
                      "description": "The AWS access key to be used to write to the stream",
                      "description_kind": "plain",
                      "optional": true,
                      "sensitive": true
                    },
                    "format": {
                      "type": "string",
                      "description": "Apache style log formatting.",
                      "description_kind": "plain",
                      "optional": true
                    },
                    "format_version": {
                      "type": "number",
                      "description": "The version of the custom logging format used for the configured endpoint. Can be either `1` or `2`. (default: `2`).",
                      "description_kind": "plain",
                      "optional": true
                    },
                    "iam_role": {
                      "type": "string",
                      "description": "The Amazon Resource Name (ARN) for the IAM role granting Fastly access to Kinesis. Not required if `access_key` and `secret_key` are provided.",
                      "description_kind": "plain",
                      "optional": true
                    },
                    "name": {
                      "type": "string",
                      "description": "The unique name of the Kinesis logging endpoint. It is important to note that changing this attribute will delete and recreate the resource",
                      "description_kind": "plain",
                      "required": true
                    },
                    "placement": {
                      "type": "string",
                      "description": "Where in the generated VCL the logging call should be placed. Can be `none` or `waf_debug`.",
                      "description_kind": "plain",
                      "optional": true
                    },
                    "region": {
                      "type": "string",
                      "description": "The AWS region the stream resides in. (Default: `us-east-1`)",
                      "description_kind": "plain",
                      "optional": true
                    },
                    "response_condition": {
                      "type": "string",
                      "description": "The name of an existing condition in the configured endpoint, or leave blank to always execute.",
                      "description_kind": "plain",
                      "optional": true
                    },
                    "secret_key": {
                      "type": "string",
                      "description": "The AWS secret access key to authenticate with",
                      "description_kind": "plain",
                      "optional": true,
                      "sensitive": true
                    },
                    "topic": {
                      "type": "string",
                      "description": "The Kinesis stream name",
                      "description_kind": "plain",
                      "required": true
                    }
                  },
                  "description_kind": "plain"
                }
              },
              "logging_logentries": {
                "nesting_mode": "set",
                "block": {
                  "attributes": {
                    "format": {
                      "type": "string",
                      "description": "Apache-style string or VCL variables to use for log formatting",
                      "description_kind": "plain",
                      "optional": true
                    },
                    "format_version": {
                      "type": "number",
                      "description": "The version of the custom logging format used for the configured endpoint. Can be either 1 or 2. (Default: 2)",
                      "description_kind": "plain",
                      "optional": true
                    },
                    "name": {
                      "type": "string",
                      "description": "The unique name of the Logentries logging endpoint. It is important to note that changing this attribute will delete and recreate the resource",
                      "description_kind": "plain",
                      "required": true
                    },
                    "placement": {
                      "type": "string",
                      "description": "Where in the generated VCL the logging call should be placed.",
                      "description_kind": "plain",
                      "optional": true
                    },
                    "port": {
                      "type": "number",
                      "description": "The port number configured in Logentries",
                      "description_kind": "plain",
                      "optional": true
                    },
                    "response_condition": {
                      "type": "string",
                      "description": "Name of blockAttributes condition to apply this logging.",
                      "description_kind": "plain",
                      "optional": true
                    },
                    "token": {
                      "type": "string",
                      "description": "Use token based authentication (https://logentries.com/doc/input-token/)",
                      "description_kind": "plain",
                      "required": true
                    },
                    "use_tls": {
                      "type": "bool",
                      "description": "Whether to use TLS for secure logging",
                      "description_kind": "plain",
                      "optional": true
                    }
                  },
                  "description_kind": "plain"
                }
              },
              "logging_loggly": {
                "nesting_mode": "set",
                "block": {
                  "attributes": {
                    "format": {
                      "type": "string",
                      "description": "Apache-style string or VCL variables to use for log formatting.",
                      "description_kind": "plain",
                      "optional": true
                    },
                    "format_version": {
                      "type": "number",
                      "description": "The version of the custom logging format used for the configured endpoint. Can be either `1` or `2`. (default: `2`).",
                      "description_kind": "plain",
                      "optional": true
                    },
                    "name": {
                      "type": "string",
                      "description": "The unique name of the Loggly logging endpoint. It is important to note that changing this attribute will delete and recreate the resource",
                      "description_kind": "plain",
                      "required": true
                    },
                    "placement": {
                      "type": "string",
                      "description": "Where in the generated VCL the logging call should be placed. Can be `none` or `waf_debug`.",
                      "description_kind": "plain",
                      "optional": true
                    },
                    "response_condition": {
                      "type": "string",
                      "description": "The name of an existing condition in the configured endpoint, or leave blank to always execute.",
                      "description_kind": "plain",
                      "optional": true
                    },
                    "token": {
                      "type": "string",
                      "description": "The token to use for authentication (https://www.loggly.com/docs/customer-token-authentication-token/).",
                      "description_kind": "plain",
                      "required": true,
                      "sensitive": true
                    }
                  },
                  "description_kind": "plain"
                }
              },
              "logging_logshuttle": {
                "nesting_mode": "set",
                "block": {
                  "attributes": {
                    "format": {
                      "type": "string",
                      "description": "Apache style log formatting.",
                      "description_kind": "plain",
                      "optional": true
                    },
                    "format_version": {
                      "type": "number",
                      "description": "The version of the custom logging format used for the configured endpoint. Can be either `1` or `2`. (default: `2`).",
                      "description_kind": "plain",
                      "optional": true
                    },
                    "name": {
                      "type": "string",
                      "description": "The unique name of the Log Shuttle logging endpoint. It is important to note that changing this attribute will delete and recreate the resource",
                      "description_kind": "plain",
                      "required": true
                    },
                    "placement": {
                      "type": "string",
                      "description": "Where in the generated VCL the logging call should be placed. Can be `none` or `waf_debug`.",
                      "description_kind": "plain",
                      "optional": true
                    },
                    "response_condition": {
                      "type": "string",
                      "description": "The name of an existing condition in the configured endpoint, or leave blank to always execute.",
                      "description_kind": "plain",
                      "optional": true
                    },
                    "token": {
                      "type": "string",
                      "description": "The data authentication token associated with this endpoint",
                      "description_kind": "plain",
                      "required": true,
                      "sensitive": true
                    },
                    "url": {
                      "type": "string",
                      "description": "Your Log Shuttle endpoint URL",
                      "description_kind": "plain",
                      "required": true
                    }
                  },
                  "description_kind": "plain"
                }
              },
              "logging_newrelic": {
                "nesting_mode": "set",
                "block": {
                  "attributes": {
                    "format": {
                      "type": "string",
                      "description": "Apache style log formatting. Your log must produce valid JSON that New Relic Logs can ingest.",
                      "description_kind": "plain",
                      "optional": true
                    },
                    "format_version": {
                      "type": "number",
                      "description": "The version of the custom logging format used for the configured endpoint. Can be either `1` or `2`. (default: `2`).",
                      "description_kind": "plain",
                      "optional": true
                    },
                    "name": {
                      "type": "string",
                      "description": "The unique name of the New Relic logging endpoint. It is important to note that changing this attribute will delete and recreate the resource",
                      "description_kind": "plain",
                      "required": true
                    },
                    "placement": {
                      "type": "string",
                      "description": "Where in the generated VCL the logging call should be placed.",
                      "description_kind": "plain",
                      "optional": true
                    },
                    "region": {
                      "type": "string",
                      "description": "The region that log data will be sent to. Default: `US`",
                      "description_kind": "plain",
                      "optional": true
                    },
                    "response_condition": {
                      "type": "string",
                      "description": "The name of the condition to apply.",
                      "description_kind": "plain",
                      "optional": true
                    },
                    "token": {
                      "type": "string",
                      "description": "The Insert API key from the Account page of your New Relic account",
                      "description_kind": "plain",
                      "required": true,
                      "sensitive": true
                    }
                  },
                  "description_kind": "plain"
                }
              },
              "logging_openstack": {
                "nesting_mode": "set",
                "block": {
                  "attributes": {
                    "access_key": {
                      "type": "string",
                      "description": "Your OpenStack account access key",
                      "description_kind": "plain",
                      "required": true,
                      "sensitive": true
                    },
                    "bucket_name": {
                      "type": "string",
                      "description": "The name of your OpenStack container",
                      "description_kind": "plain",
                      "required": true
                    },
                    "compression_codec": {
                      "type": "string",
                      "description": "The codec used for compression of your logs. Valid values are zstd, snappy, and gzip. If the specified codec is \"gzip\", gzip_level will default to 3. To specify a different level, leave compression_codec blank and explicitly set the level using gzip_level. Specifying both compression_codec and gzip_level in the same API request will result in an error.",
                      "description_kind": "plain",
                      "optional": true
                    },
                    "format": {
                      "type": "string",
                      "description": "Apache style log formatting.",
                      "description_kind": "plain",
                      "optional": true
                    },
                    "format_version": {
                      "type": "number",
                      "description": "The version of the custom logging format used for the configured endpoint. Can be either `1` or `2`. (default: `2`).",
                      "description_kind": "plain",
                      "optional": true
                    },
                    "gzip_level": {
                      "type": "number",
                      "description": "Level of Gzip compression from `0-9`. `0` means no compression. `1` is the fastest and the least compressed version, `9` is the slowest and the most compressed version. Default `0`",
                      "description_kind": "plain",
                      "optional": true
                    },
                    "message_type": {
                      "type": "string",
                      "description": "How the message should be formatted. Can be either `classic`, `loggly`, `logplex` or `blank`. Default is `classic`",
                      "description_kind": "plain",
                      "optional": true
                    },
                    "name": {
                      "type": "string",
                      "description": "The unique name of the OpenStack logging endpoint. It is important to note that changing this attribute will delete and recreate the resource",
                      "description_kind": "plain",
                      "required": true
                    },
                    "path": {
                      "type": "string",
                      "description": "Path to store the files. Must end with a trailing slash. If this field is left empty, the files will be saved in the bucket's root path",
                      "description_kind": "plain",
                      "optional": true
                    },
                    "period": {
                      "type": "number",
                      "description": "How frequently the logs should be transferred, in seconds. Default `3600`",
                      "description_kind": "plain",
                      "optional": true
                    },
                    "placement": {
                      "type": "string",
                      "description": "Where in the generated VCL the logging call should be placed. Can be `none` or `waf_debug`.",
                      "description_kind": "plain",
                      "optional": true
                    },
                    "public_key": {
                      "type": "string",
                      "description": "A PGP public key that Fastly will use to encrypt your log files before writing them to disk",
                      "description_kind": "plain",
                      "optional": true
                    },
                    "response_condition": {
                      "type": "string",
                      "description": "The name of an existing condition in the configured endpoint, or leave blank to always execute.",
                      "description_kind": "plain",
                      "optional": true
                    },
                    "timestamp_format": {
                      "type": "string",
                      "description": "The `strftime` specified timestamp formatting (default `%Y-%m-%dT%H:%M:%S.000`)",
                      "description_kind": "plain",
                      "optional": true
                    },
                    "url": {
                      "type": "string",
                      "description": "Your OpenStack auth url",
                      "description_kind": "plain",
                      "required": true
                    },
                    "user": {
                      "type": "string",
                      "description": "The username for your OpenStack account",
                      "description_kind": "plain",
                      "required": true
                    }
                  },
                  "description_kind": "plain"
                }
              },
              "logging_papertrail": {
                "nesting_mode": "set",
                "block": {
                  "attributes": {
                    "address": {
                      "type": "string",
                      "description": "The address of the Papertrail endpoint",
                      "description_kind": "plain",
                      "required": true
                    },
                    "format": {
                      "type": "string",
                      "description": "A Fastly [log format string](https://docs.fastly.com/en/guides/custom-log-formats)",
                      "description_kind": "plain",
                      "optional": true
                    },
                    "format_version": {
                      "type": "number",
                      "description": "The version of the custom logging format used for the configured endpoint. The logging call gets placed by default in `vcl_log` if `format_version` is set to `2` and in `vcl_deliver` if `format_version` is set to `1`",
                      "description_kind": "plain",
                      "optional": true
                    },
                    "name": {
                      "type": "string",
                      "description": "A unique name to identify this Papertrail endpoint. It is important to note that changing this attribute will delete and recreate the resource",
                      "description_kind": "plain",
                      "required": true
                    },
                    "placement": {
                      "type": "string",
                      "description": "Where in the generated VCL the logging call should be placed. If not set, endpoints with `format_version` of 2 are placed in `vcl_log` and those with `format_version` of 1 are placed in `vcl_deliver`",
                      "description_kind": "plain",
                      "optional": true
                    },
                    "port": {
                      "type": "number",
                      "description": "The port associated with the address where the Papertrail endpoint can be accessed",
                      "description_kind": "plain",
                      "required": true
                    },
                    "response_condition": {
                      "type": "string",
                      "description": "The name of an existing condition in the configured endpoint, or leave blank to always execute",
                      "description_kind": "plain",
                      "optional": true
                    }
                  },
                  "description_kind": "plain"
                }
              },
              "logging_s3": {
                "nesting_mode": "set",
                "block": {
                  "attributes": {
                    "acl": {
                      "type": "string",
                      "description": "The AWS [Canned ACL](https://docs.aws.amazon.com/AmazonS3/latest/userguide/acl-overview.html#canned-acl) to use for objects uploaded to the S3 bucket. Options are: `private`, `public-read`, `public-read-write`, `aws-exec-read`, `authenticated-read`, `bucket-owner-read`, `bucket-owner-full-control`",
                      "description_kind": "plain",
                      "optional": true
                    },
                    "bucket_name": {
                      "type": "string",
                      "description": "The name of the bucket in which to store the logs",
                      "description_kind": "plain",
                      "required": true
                    },
                    "compression_codec": {
                      "type": "string",
                      "description": "The codec used for compression of your logs. Valid values are zstd, snappy, and gzip. If the specified codec is \"gzip\", gzip_level will default to 3. To specify a different level, leave compression_codec blank and explicitly set the level using gzip_level. Specifying both compression_codec and gzip_level in the same API request will result in an error.",
                      "description_kind": "plain",
                      "optional": true
                    },
                    "domain": {
                      "type": "string",
                      "description": "If you created the S3 bucket outside of `us-east-1`, then specify the corresponding bucket endpoint. Example: `s3-us-west-2.amazonaws.com`",
                      "description_kind": "plain",
                      "optional": true
                    },
                    "format": {
                      "type": "string",
                      "description": "Apache-style string or VCL variables to use for log formatting.",
                      "description_kind": "plain",
                      "optional": true
                    },
                    "format_version": {
                      "type": "number",
                      "description": "The version of the custom logging format used for the configured endpoint. Can be either 1 or 2. (Default: 2).",
                      "description_kind": "plain",
                      "optional": true
                    },
                    "gzip_level": {
                      "type": "number",
                      "description": "Level of Gzip compression from `0-9`. `0` means no compression. `1` is the fastest and the least compressed version, `9` is the slowest and the most compressed version. Default `0`",
                      "description_kind": "plain",
                      "optional": true
                    },
                    "message_type": {
                      "type": "string",
                      "description": "How the message should be formatted. Can be either `classic`, `loggly`, `logplex` or `blank`. Default is `classic`",
                      "description_kind": "plain",
                      "optional": true
                    },
                    "name": {
                      "type": "string",
                      "description": "The unique name of the S3 logging endpoint. It is important to note that changing this attribute will delete and recreate the resource",
                      "description_kind": "plain",
                      "required": true
                    },
                    "path": {
                      "type": "string",
                      "description": "Path to store the files. Must end with a trailing slash. If this field is left empty, the files will be saved in the bucket's root path",
                      "description_kind": "plain",
                      "optional": true
                    },
                    "period": {
                      "type": "number",
                      "description": "How frequently the logs should be transferred, in seconds. Default `3600`",
                      "description_kind": "plain",
                      "optional": true
                    },
                    "placement": {
                      "type": "string",
                      "description": "Where in the generated VCL the logging call should be placed.",
                      "description_kind": "plain",
                      "optional": true
                    },
                    "public_key": {
                      "type": "string",
                      "description": "A PGP public key that Fastly will use to encrypt your log files before writing them to disk",
                      "description_kind": "plain",
                      "optional": true
                    },
                    "redundancy": {
                      "type": "string",
                      "description": "The S3 storage class (redundancy level). Should be one of: `standard`, `intelligent_tiering`, `standard_ia`, `onezone_ia`, `glacier`, `glacier_ir`, `deep_archive`, or `reduced_redundancy`",
                      "description_kind": "plain",
                      "optional": true
                    },
                    "response_condition": {
                      "type": "string",
                      "description": "Name of blockAttributes condition to apply this logging.",
                      "description_kind": "plain",
                      "optional": true
                    },
                    "s3_access_key": {
                      "type": "string",
                      "description": "AWS Access Key of an account with the required permissions to post logs. It is **strongly** recommended you create a separate IAM user with permissions to only operate on this Bucket. This key will be not be encrypted. Not required if `iam_role` is provided. You can provide this key via an environment variable, `FASTLY_S3_ACCESS_KEY`",
                      "description_kind": "plain",
                      "optional": true,
                      "sensitive": true
                    },
                    "s3_iam_role": {
                      "type": "string",
                      "description": "The Amazon Resource Name (ARN) for the IAM role granting Fastly access to S3. Not required if `access_key` and `secret_key` are provided. You can provide this value via an environment variable, `FASTLY_S3_IAM_ROLE`",
                      "description_kind": "plain",
                      "optional": true
                    },
                    "s3_secret_key": {
                      "type": "string",
                      "description": "AWS Secret Key of an account with the required permissions to post logs. It is **strongly** recommended you create a separate IAM user with permissions to only operate on this Bucket. This secret will be not be encrypted. Not required if `iam_role` is provided. You can provide this secret via an environment variable, `FASTLY_S3_SECRET_KEY`",
                      "description_kind": "plain",
                      "optional": true,
                      "sensitive": true
                    },
                    "server_side_encryption": {
                      "type": "string",
                      "description": "Specify what type of server side encryption should be used. Can be either `AES256` or `aws:kms`",
                      "description_kind": "plain",
                      "optional": true
                    },
                    "server_side_encryption_kms_key_id": {
                      "type": "string",
                      "description": "Optional server-side KMS Key Id. Must be set if server_side_encryption is set to `aws:kms`",
                      "description_kind": "plain",
                      "optional": true
                    },
                    "timestamp_format": {
                      "type": "string",
                      "description": "The `strftime` specified timestamp formatting (default `%Y-%m-%dT%H:%M:%S.000`)",
                      "description_kind": "plain",
                      "optional": true
                    }
                  },
                  "description_kind": "plain"
                }
              },
              "logging_scalyr": {
                "nesting_mode": "set",
                "block": {
                  "attributes": {
                    "format": {
                      "type": "string",
                      "description": "Apache style log formatting.",
                      "description_kind": "plain",
                      "optional": true
                    },
                    "format_version": {
                      "type": "number",
                      "description": "The version of the custom logging format used for the configured endpoint. Can be either 1 or 2. (default: 2).",
                      "description_kind": "plain",
                      "optional": true
                    },
                    "name": {
                      "type": "string",
                      "description": "The unique name of the Scalyr logging endpoint. It is important to note that changing this attribute will delete and recreate the resource",
                      "description_kind": "plain",
                      "required": true
                    },
                    "placement": {
                      "type": "string",
                      "description": "Where in the generated VCL the logging call should be placed.",
                      "description_kind": "plain",
                      "optional": true
                    },
                    "region": {
                      "type": "string",
                      "description": "The region that log data will be sent to. One of `US` or `EU`. Defaults to `US` if undefined",
                      "description_kind": "plain",
                      "optional": true
                    },
                    "response_condition": {
                      "type": "string",
                      "description": "The name of an existing condition in the configured endpoint, or leave blank to always execute.",
                      "description_kind": "plain",
                      "optional": true
                    },
                    "token": {
                      "type": "string",
                      "description": "The token to use for authentication (https://www.scalyr.com/keys)",
                      "description_kind": "plain",
                      "required": true,
                      "sensitive": true
                    }
                  },
                  "description_kind": "plain"
                }
              },
              "logging_sftp": {
                "nesting_mode": "set",
                "block": {
                  "attributes": {
                    "address": {
                      "type": "string",
                      "description": "The SFTP address to stream logs to",
                      "description_kind": "plain",
                      "required": true
                    },
                    "compression_codec": {
                      "type": "string",
                      "description": "The codec used for compression of your logs. Valid values are zstd, snappy, and gzip. If the specified codec is \"gzip\", gzip_level will default to 3. To specify a different level, leave compression_codec blank and explicitly set the level using gzip_level. Specifying both compression_codec and gzip_level in the same API request will result in an error.",
                      "description_kind": "plain",
                      "optional": true
                    },
                    "format": {
                      "type": "string",
                      "description": "Apache-style string or VCL variables to use for log formatting.",
                      "description_kind": "plain",
                      "optional": true
                    },
                    "format_version": {
                      "type": "number",
                      "description": "The version of the custom logging format used for the configured endpoint. Can be either 1 or 2. (default: 2).",
                      "description_kind": "plain",
                      "optional": true
                    },
                    "gzip_level": {
                      "type": "number",
                      "description": "Level of Gzip compression from `0-9`. `0` means no compression. `1` is the fastest and the least compressed version, `9` is the slowest and the most compressed version. Default `0`",
                      "description_kind": "plain",
                      "optional": true
                    },
                    "message_type": {
                      "type": "string",
                      "description": "How the message should be formatted. Can be either `classic`, `loggly`, `logplex` or `blank`. Default is `classic`",
                      "description_kind": "plain",
                      "optional": true
                    },
                    "name": {
                      "type": "string",
                      "description": "The unique name of the SFTP logging endpoint. It is important to note that changing this attribute will delete and recreate the resource",
                      "description_kind": "plain",
                      "required": true
                    },
                    "password": {
                      "type": "string",
                      "description": "The password for the server. If both `password` and `secret_key` are passed, `secret_key` will be preferred",
                      "description_kind": "plain",
                      "optional": true,
                      "sensitive": true
                    },
                    "path": {
                      "type": "string",
                      "description": "The path to upload log files to. If the path ends in `/` then it is treated as a directory",
                      "description_kind": "plain",
                      "required": true
                    },
                    "period": {
                      "type": "number",
                      "description": "How frequently log files are finalized so they can be available for reading (in seconds, default `3600`)",
                      "description_kind": "plain",
                      "optional": true
                    },
                    "placement": {
                      "type": "string",
                      "description": "Where in the generated VCL the logging call should be placed.",
                      "description_kind": "plain",
                      "optional": true
                    },
                    "port": {
                      "type": "number",
                      "description": "The port the SFTP service listens on. (Default: `22`)",
                      "description_kind": "plain",
                      "optional": true
                    },
                    "public_key": {
                      "type": "string",
                      "description": "A PGP public key that Fastly will use to encrypt your log files before writing them to disk",
                      "description_kind": "plain",
                      "optional": true
                    },
                    "response_condition": {
                      "type": "string",
                      "description": "The name of the condition to apply.",
                      "description_kind": "plain",
                      "optional": true
                    },
                    "secret_key": {
                      "type": "string",
                      "description": "The SSH private key for the server. If both `password` and `secret_key` are passed, `secret_key` will be preferred",
                      "description_kind": "plain",
                      "optional": true,
                      "sensitive": true
                    },
                    "ssh_known_hosts": {
                      "type": "string",
                      "description": "A list of host keys for all hosts we can connect to over SFTP",
                      "description_kind": "plain",
                      "required": true
                    },
                    "timestamp_format": {
                      "type": "string",
                      "description": "The `strftime` specified timestamp formatting (default `%Y-%m-%dT%H:%M:%S.000`)",
                      "description_kind": "plain",
                      "optional": true
                    },
                    "user": {
                      "type": "string",
                      "description": "The username for the server",
                      "description_kind": "plain",
                      "required": true
                    }
                  },
                  "description_kind": "plain"
                }
              },
              "logging_splunk": {
                "nesting_mode": "set",
                "block": {
                  "attributes": {
                    "format": {
                      "type": "string",
                      "description": "Apache-style string or VCL variables to use for log formatting (default: `%h %l %u %t \"%r\" %>s %b`)",
                      "description_kind": "plain",
                      "optional": true
                    },
                    "format_version": {
                      "type": "number",
                      "description": "The version of the custom logging format used for the configured endpoint. Can be either 1 or 2. (default: 2)",
                      "description_kind": "plain",
                      "optional": true
                    },
                    "name": {
                      "type": "string",
                      "description": "A unique name to identify the Splunk endpoint. It is important to note that changing this attribute will delete and recreate the resource",
                      "description_kind": "plain",
                      "required": true
                    },
                    "placement": {
                      "type": "string",
                      "description": "Where in the generated VCL the logging call should be placed",
                      "description_kind": "plain",
                      "optional": true
                    },
                    "response_condition": {
                      "type": "string",
                      "description": "The name of the condition to apply",
                      "description_kind": "plain",
                      "optional": true
                    },
                    "tls_ca_cert": {
                      "type": "string",
                      "description": "A secure certificate to authenticate the server with. Must be in PEM format. You can provide this certificate via an environment variable, `FASTLY_SPLUNK_CA_CERT`",
                      "description_kind": "plain",
                      "optional": true
                    },
                    "tls_client_cert": {
                      "type": "string",
                      "description": "The client certificate used to make authenticated requests. Must be in PEM format.",
                      "description_kind": "plain",
                      "optional": true
                    },
                    "tls_client_key": {
                      "type": "string",
                      "description": "The client private key used to make authenticated requests. Must be in PEM format.",
                      "description_kind": "plain",
                      "optional": true,
                      "sensitive": true
                    },
                    "tls_hostname": {
                      "type": "string",
                      "description": "The hostname used to verify the server's certificate. It can either be the Common Name or a Subject Alternative Name (SAN)",
                      "description_kind": "plain",
                      "optional": true
                    },
                    "token": {
                      "type": "string",
                      "description": "The Splunk token to be used for authentication",
                      "description_kind": "plain",
                      "required": true,
                      "sensitive": true
                    },
                    "url": {
                      "type": "string",
                      "description": "The Splunk URL to stream logs to",
                      "description_kind": "plain",
                      "required": true
                    },
                    "use_tls": {
                      "type": "bool",
                      "description": "Whether to use TLS for secure logging. Default: `false`",
                      "description_kind": "plain",
                      "optional": true
                    }
                  },
                  "description_kind": "plain"
                }
              },
              "logging_sumologic": {
                "nesting_mode": "set",
                "block": {
                  "attributes": {
                    "format": {
                      "type": "string",
                      "description": "Apache-style string or VCL variables to use for log formatting",
                      "description_kind": "plain",
                      "optional": true
                    },
                    "format_version": {
                      "type": "number",
                      "description": "The version of the custom logging format used for the configured endpoint. Can be either 1 or 2. (Default: 2)",
                      "description_kind": "plain",
                      "optional": true
                    },
                    "message_type": {
                      "type": "string",
                      "description": "How the message should be formatted. Can be either `classic`, `loggly`, `logplex` or `blank`. Default is `classic`",
                      "description_kind": "plain",
                      "optional": true
                    },
                    "name": {
                      "type": "string",
                      "description": "A unique name to identify this Sumologic endpoint. It is important to note that changing this attribute will delete and recreate the resource",
                      "description_kind": "plain",
                      "required": true
                    },
                    "placement": {
                      "type": "string",
                      "description": "Where in the generated VCL the logging call should be placed.",
                      "description_kind": "plain",
                      "optional": true
                    },
                    "response_condition": {
                      "type": "string",
                      "description": "Name of blockAttributes condition to apply this logging.",
                      "description_kind": "plain",
                      "optional": true
                    },
                    "url": {
                      "type": "string",
                      "description": "The URL to Sumologic collector endpoint",
                      "description_kind": "plain",
                      "required": true
                    }
                  },
                  "description_kind": "plain"
                }
              },
              "logging_syslog": {
                "nesting_mode": "set",
                "block": {
                  "attributes": {
                    "address": {
                      "type": "string",
                      "description": "A hostname or IPv4 address of the Syslog endpoint",
                      "description_kind": "plain",
                      "required": true
                    },
                    "format": {
                      "type": "string",
                      "description": "Apache-style string or VCL variables to use for log formatting",
                      "description_kind": "plain",
                      "optional": true
                    },
                    "format_version": {
                      "type": "number",
                      "description": "The version of the custom logging format. Can be either 1 or 2. (Default: 2)",
                      "description_kind": "plain",
                      "optional": true
                    },
                    "message_type": {
                      "type": "string",
                      "description": "How the message should be formatted. Can be either `classic`, `loggly`, `logplex` or `blank`. Default is `classic`",
                      "description_kind": "plain",
                      "optional": true
                    },
                    "name": {
                      "type": "string",
                      "description": "A unique name to identify this Syslog endpoint. It is important to note that changing this attribute will delete and recreate the resource",
                      "description_kind": "plain",
                      "required": true
                    },
                    "placement": {
                      "type": "string",
                      "description": "Where in the generated VCL the logging call should be placed.",
                      "description_kind": "plain",
                      "optional": true
                    },
                    "port": {
                      "type": "number",
                      "description": "The port associated with the address where the Syslog endpoint can be accessed. Default `514`",
                      "description_kind": "plain",
                      "optional": true
                    },
                    "response_condition": {
                      "type": "string",
                      "description": "Name of blockAttributes condition to apply this logging.",
                      "description_kind": "plain",
                      "optional": true
                    },
                    "tls_ca_cert": {
                      "type": "string",
                      "description": "A secure certificate to authenticate the server with. Must be in PEM format. You can provide this certificate via an environment variable, `FASTLY_SYSLOG_CA_CERT`",
                      "description_kind": "plain",
                      "optional": true
                    },
                    "tls_client_cert": {
                      "type": "string",
                      "description": "The client certificate used to make authenticated requests. Must be in PEM format. You can provide this certificate via an environment variable, `FASTLY_SYSLOG_CLIENT_CERT`",
                      "description_kind": "plain",
                      "optional": true
                    },
                    "tls_client_key": {
                      "type": "string",
                      "description": "The client private key used to make authenticated requests. Must be in PEM format. You can provide this key via an environment variable, `FASTLY_SYSLOG_CLIENT_KEY`",
                      "description_kind": "plain",
                      "optional": true,
                      "sensitive": true
                    },
                    "tls_hostname": {
                      "type": "string",
                      "description": "Used during the TLS handshake to validate the certificate",
                      "description_kind": "plain",
                      "optional": true
                    },
                    "token": {
                      "type": "string",
                      "description": "Whether to prepend each message with a specific token",
                      "description_kind": "plain",
                      "optional": true
                    },
                    "use_tls": {
                      "type": "bool",
                      "description": "Whether to use TLS for secure logging. Default `false`",
                      "description_kind": "plain",
                      "optional": true
                    }
                  },
                  "description_kind": "plain"
                }
              },
              "product_enablement": {
                "nesting_mode": "set",
                "block": {
                  "attributes": {
                    "brotli_compression": {
                      "type": "bool",
                      "description": "Enable Brotli Compression support",
                      "description_kind": "plain",
                      "optional": true
                    },
                    "domain_inspector": {
                      "type": "bool",
                      "description": "Enable Domain Inspector support",
                      "description_kind": "plain",
                      "optional": true
                    },
                    "image_optimizer": {
                      "type": "bool",
                      "description": "Enable Image Optimizer support (requires at least one backend with a `shield` attribute)",
                      "description_kind": "plain",
                      "optional": true
                    },
                    "name": {
                      "type": "string",
                      "description": "Used internally by the provider to identify modified settings",
                      "description_kind": "plain",
                      "computed": true
                    },
                    "origin_inspector": {
                      "type": "bool",
                      "description": "Enable Origin Inspector support",
                      "description_kind": "plain",
                      "optional": true
                    },
                    "websockets": {
                      "type": "bool",
                      "description": "Enable WebSockets support",
                      "description_kind": "plain",
                      "optional": true
                    }
                  },
                  "description_kind": "plain"
                },
                "max_items": 1
              },
              "request_setting": {
                "nesting_mode": "set",
                "block": {
                  "attributes": {
                    "action": {
                      "type": "string",
                      "description": "Allows you to terminate request handling and immediately perform an action. When set it can be `lookup` or `pass` (Ignore the cache completely)",
                      "description_kind": "plain",
                      "optional": true
                    },
                    "bypass_busy_wait": {
                      "type": "bool",
                      "description": "Disable collapsed forwarding, so you don't wait for other objects to origin",
                      "description_kind": "plain",
                      "optional": true
                    },
                    "default_host": {
                      "type": "string",
                      "description": "Sets the host header",
                      "description_kind": "plain",
                      "optional": true
                    },
                    "force_miss": {
                      "type": "bool",
                      "description": "Force a cache miss for the request. If specified, can be `true` or `false`",
                      "description_kind": "plain",
                      "optional": true
                    },
                    "force_ssl": {
                      "type": "bool",
                      "description": "Forces the request to use SSL (Redirects a non-SSL request to SSL)",
                      "description_kind": "plain",
                      "optional": true
                    },
                    "geo_headers": {
                      "type": "bool",
                      "description": "Injects Fastly-Geo-Country, Fastly-Geo-City, and Fastly-Geo-Region into the request headers",
                      "description_kind": "plain",
                      "deprecated": true,
                      "optional": true
                    },
                    "hash_keys": {
                      "type": "string",
                      "description": "Comma separated list of varnish request object fields that should be in the hash key",
                      "description_kind": "plain",
                      "optional": true
                    },
                    "max_stale_age": {
                      "type": "number",
                      "description": "How old an object is allowed to be to serve `stale-if-error` or `stale-while-revalidate`, in seconds",
                      "description_kind": "plain",
                      "optional": true
                    },
                    "name": {
                      "type": "string",
                      "description": "Unique name to refer to this Request Setting. It is important to note that changing this attribute will delete and recreate the resource",
                      "description_kind": "plain",
                      "required": true
                    },
                    "request_condition": {
                      "type": "string",
                      "description": "Name of already defined `condition` to determine if this request setting should be applied",
                      "description_kind": "plain",
                      "optional": true
                    },
                    "timer_support": {
                      "type": "bool",
                      "description": "Injects the X-Timer info into the request for viewing origin fetch durations",
                      "description_kind": "plain",
                      "optional": true
                    },
                    "xff": {
                      "type": "string",
                      "description": "X-Forwarded-For, should be `clear`, `leave`, `append`, `append_all`, or `overwrite`. Default `append`",
                      "description_kind": "plain",
                      "optional": true
                    }
                  },
                  "description_kind": "plain"
                }
              },
              "response_object": {
                "nesting_mode": "set",
                "block": {
                  "attributes": {
                    "cache_condition": {
                      "type": "string",
                      "description": "Name of already defined `condition` to check after we have retrieved an object. If the condition passes then deliver this Request Object instead. This `condition` must be of type `CACHE`. For detailed information about Conditionals, see [Fastly's Documentation on Conditionals](https://docs.fastly.com/en/guides/using-conditions)",
                      "description_kind": "plain",
                      "optional": true
                    },
                    "content": {
                      "type": "string",
                      "description": "The content to deliver for the response object",
                      "description_kind": "plain",
                      "optional": true
                    },
                    "content_type": {
                      "type": "string",
                      "description": "The MIME type of the content",
                      "description_kind": "plain",
                      "optional": true
                    },
                    "name": {
                      "type": "string",
                      "description": "A unique name to identify this Response Object. It is important to note that changing this attribute will delete and recreate the resource",
                      "description_kind": "plain",
                      "required": true
                    },
                    "request_condition": {
                      "type": "string",
                      "description": "Name of already defined `condition` to be checked during the request phase. If the condition passes then this object will be delivered. This `condition` must be of type `REQUEST`",
                      "description_kind": "plain",
                      "optional": true
                    },
                    "response": {
                      "type": "string",
                      "description": "The HTTP Response. Default `OK`",
                      "description_kind": "plain",
                      "optional": true
                    },
                    "status": {
                      "type": "number",
                      "description": "The HTTP Status Code. Default `200`",
                      "description_kind": "plain",
                      "optional": true
                    }
                  },
                  "description_kind": "plain"
                }
              },
              "snippet": {
                "nesting_mode": "set",
                "block": {
                  "attributes": {
                    "content": {
                      "type": "string",
                      "description": "The VCL code that specifies exactly what the snippet does",
                      "description_kind": "plain",
                      "required": true
                    },
                    "name": {
                      "type": "string",
                      "description": "A name that is unique across \"regular\" and \"dynamic\" VCL Snippet configuration blocks. It is important to note that changing this attribute will delete and recreate the resource",
                      "description_kind": "plain",
                      "required": true
                    },
                    "priority": {
                      "type": "number",
                      "description": "Priority determines the ordering for multiple snippets. Lower numbers execute first. Defaults to `100`",
                      "description_kind": "plain",
                      "optional": true
                    },
                    "type": {
                      "type": "string",
                      "description": "The location in generated VCL where the snippet should be placed (can be one of `init`, `recv`, `hash`, `hit`, `miss`, `pass`, `fetch`, `error`, `deliver`, `log` or `none`)",
                      "description_kind": "plain",
                      "required": true
                    }
                  },
                  "description_kind": "plain"
                }
              },
              "vcl": {
                "nesting_mode": "set",
                "block": {
                  "attributes": {
                    "content": {
                      "type": "string",
                      "description": "The custom VCL code to upload",
                      "description_kind": "plain",
                      "required": true
                    },
                    "main": {
                      "type": "bool",
                      "description": "If `true`, use this block as the main configuration. If `false`, use this block as an includable library. Only a single VCL block can be marked as the main block. Default is `false`",
                      "description_kind": "plain",
                      "optional": true
                    },
                    "name": {
                      "type": "string",
                      "description": "A unique name for this configuration block. It is important to note that changing this attribute will delete and recreate the resource",
                      "description_kind": "plain",
                      "required": true
                    }
                  },
                  "description_kind": "plain"
                }
              },
              "waf": {
                "nesting_mode": "list",
                "block": {
                  "attributes": {
                    "disabled": {
                      "type": "bool",
                      "description": "A flag used to completely disable a Web Application Firewall. This is intended to only be used in an emergency",
                      "description_kind": "plain",
                      "optional": true
                    },
                    "prefetch_condition": {
                      "type": "string",
                      "description": "The `condition` to determine which requests will be run past your Fastly WAF. This `condition` must be of type `PREFETCH`. For detailed information about Conditionals, see [Fastly's Documentation on Conditionals](https://docs.fastly.com/en/guides/using-conditions)",
                      "description_kind": "plain",
                      "optional": true
                    },
                    "response_object": {
                      "type": "string",
                      "description": "The name of the response object used by the Web Application Firewall",
                      "description_kind": "plain",
                      "required": true
                    },
                    "waf_id": {
                      "type": "string",
                      "description": "The ID of the WAF",
                      "description_kind": "plain",
                      "computed": true
                    }
                  },
                  "description_kind": "plain"
                },
                "max_items": 1
              }
            },
            "description_kind": "plain"
          }
        },
        "fastly_service_waf_configuration": {
          "version": 0,
          "block": {
            "attributes": {
              "activate": {
                "type": "bool",
                "description": "Conditionally prevents a new firewall version from being activated. The apply step will continue to create a new draft version but will not activate it if this is set to `false`. Default `true`",
                "description_kind": "plain",
                "optional": true
              },
              "active": {
                "type": "bool",
                "description": "Whether a specific firewall version is currently deployed",
                "description_kind": "plain",
                "computed": true
              },
              "allowed_http_versions": {
                "type": "string",
                "description": "Allowed HTTP versions",
                "description_kind": "plain",
                "optional": true,
                "computed": true
              },
              "allowed_methods": {
                "type": "string",
                "description": "A space-separated list of HTTP method names",
                "description_kind": "plain",
                "optional": true,
                "computed": true
              },
              "allowed_request_content_type": {
                "type": "string",
                "description": "Allowed request content types",
                "description_kind": "plain",
                "optional": true,
                "computed": true
              },
              "allowed_request_content_type_charset": {
                "type": "string",
                "description": "Allowed request content type charset",
                "description_kind": "plain",
                "optional": true,
                "computed": true
              },
              "arg_length": {
                "type": "number",
                "description": "The maximum number of arguments allowed",
                "description_kind": "plain",
                "optional": true,
                "computed": true
              },
              "arg_name_length": {
                "type": "number",
                "description": "The maximum allowed argument name length",
                "description_kind": "plain",
                "optional": true,
                "computed": true
              },
              "cloned_version": {
                "type": "number",
                "description": "The latest cloned firewall version by the provider",
                "description_kind": "plain",
                "computed": true
              },
              "combined_file_sizes": {
                "type": "number",
                "description": "The maximum allowed size of all files",
                "description_kind": "plain",
                "optional": true,
                "computed": true
              },
              "critical_anomaly_score": {
                "type": "number",
                "description": "Score value to add for critical anomalies",
                "description_kind": "plain",
                "optional": true,
                "computed": true
              },
              "crs_validate_utf8_encoding": {
                "type": "bool",
                "description": "CRS validate UTF8 encoding",
                "description_kind": "plain",
                "optional": true,
                "computed": true
              },
              "error_anomaly_score": {
                "type": "number",
                "description": "Score value to add for error anomalies",
                "description_kind": "plain",
                "optional": true,
                "computed": true
              },
              "high_risk_country_codes": {
                "type": "string",
                "description": "A space-separated list of country codes in ISO 3166-1 (two-letter) format",
                "description_kind": "plain",
                "optional": true,
                "computed": true
              },
              "http_violation_score_threshold": {
                "type": "number",
                "description": "HTTP violation threshold",
                "description_kind": "plain",
                "optional": true,
                "computed": true
              },
              "id": {
                "type": "string",
                "description_kind": "plain",
                "optional": true,
                "computed": true
              },
              "inbound_anomaly_score_threshold": {
                "type": "number",
                "description": "Inbound anomaly threshold",
                "description_kind": "plain",
                "optional": true,
                "computed": true
              },
              "lfi_score_threshold": {
                "type": "number",
                "description": "Local file inclusion attack threshold",
                "description_kind": "plain",
                "optional": true,
                "computed": true
              },
              "max_file_size": {
                "type": "number",
                "description": "The maximum allowed file size, in bytes",
                "description_kind": "plain",
                "optional": true,
                "computed": true
              },
              "max_num_args": {
                "type": "number",
                "description": "The maximum number of arguments allowed",
                "description_kind": "plain",
                "optional": true,
                "computed": true
              },
              "notice_anomaly_score": {
                "type": "number",
                "description": "Score value to add for notice anomalies",
                "description_kind": "plain",
                "optional": true,
                "computed": true
              },
              "number": {
                "type": "number",
                "description": "The WAF firewall version",
                "description_kind": "plain",
                "computed": true
              },
              "paranoia_level": {
                "type": "number",
                "description": "The configured paranoia level",
                "description_kind": "plain",
                "optional": true,
                "computed": true
              },
              "php_injection_score_threshold": {
                "type": "number",
                "description": "PHP injection threshold",
                "description_kind": "plain",
                "optional": true,
                "computed": true
              },
              "rce_score_threshold": {
                "type": "number",
                "description": "Remote code execution threshold",
                "description_kind": "plain",
                "optional": true,
                "computed": true
              },
              "restricted_extensions": {
                "type": "string",
                "description": "A space-separated list of allowed file extensions",
                "description_kind": "plain",
                "optional": true,
                "computed": true
              },
              "restricted_headers": {
                "type": "string",
                "description": "A space-separated list of allowed header names",
                "description_kind": "plain",
                "optional": true,
                "computed": true
              },
              "rfi_score_threshold": {
                "type": "number",
                "description": "Remote file inclusion attack threshold",
                "description_kind": "plain",
                "optional": true,
                "computed": true
              },
              "session_fixation_score_threshold": {
                "type": "number",
                "description": "Session fixation attack threshold",
                "description_kind": "plain",
                "optional": true,
                "computed": true
              },
              "sql_injection_score_threshold": {
                "type": "number",
                "description": "SQL injection attack threshold",
                "description_kind": "plain",
                "optional": true,
                "computed": true
              },
              "total_arg_length": {
                "type": "number",
                "description": "The maximum size of argument names and values",
                "description_kind": "plain",
                "optional": true,
                "computed": true
              },
              "waf_id": {
                "type": "string",
                "description": "The ID of the Web Application Firewall that the configuration belongs to",
                "description_kind": "plain",
                "required": true
              },
              "warning_anomaly_score": {
                "type": "number",
                "description": "Score value to add for warning anomalies",
                "description_kind": "plain",
                "optional": true,
                "computed": true
              },
              "xss_score_threshold": {
                "type": "number",
                "description": "XSS attack threshold",
                "description_kind": "plain",
                "optional": true,
                "computed": true
              }
            },
            "block_types": {
              "rule": {
                "nesting_mode": "set",
                "block": {
                  "attributes": {
                    "modsec_rule_id": {
                      "type": "number",
                      "description": "The Web Application Firewall rule's modsecurity ID",
                      "description_kind": "plain",
                      "required": true
                    },
                    "revision": {
                      "type": "number",
                      "description": "The Web Application Firewall rule's revision. The latest revision will be used if this is not provided",
                      "description_kind": "plain",
                      "optional": true,
                      "computed": true
                    },
                    "status": {
                      "type": "string",
                      "description": "The Web Application Firewall rule's status. Allowed values are (`log`, `block` and `score`)",
                      "description_kind": "plain",
                      "required": true
                    }
                  },
                  "description_kind": "plain"
                }
              },
              "rule_exclusion": {
                "nesting_mode": "set",
                "block": {
                  "attributes": {
                    "condition": {
                      "type": "string",
                      "description": "A conditional expression in VCL used to determine if the condition is met",
                      "description_kind": "plain",
                      "required": true
                    },
                    "exclusion_type": {
                      "type": "string",
                      "description": "The type of rule exclusion. Values are `rule` to exclude the specified rule(s), or `waf` to disable the Web Application Firewall",
                      "description_kind": "plain",
                      "required": true
                    },
                    "modsec_rule_ids": {
                      "type": [
                        "set",
                        "number"
                      ],
                      "description": "Set of modsecurity IDs to be excluded. No rules should be provided when `exclusion_type` is `waf`. The rules need to be configured on the Web Application Firewall to be excluded",
                      "description_kind": "plain",
                      "optional": true
                    },
                    "name": {
                      "type": "string",
                      "description": "The name of rule exclusion",
                      "description_kind": "plain",
                      "required": true
                    },
                    "number": {
                      "type": "number",
                      "description": "The numeric ID assigned to the WAF Rule Exclusion",
                      "description_kind": "plain",
                      "computed": true
                    }
                  },
                  "description_kind": "plain"
                }
              }
            },
            "description_kind": "plain"
          }
        },
        "fastly_tls_activation": {
          "version": 0,
          "block": {
            "attributes": {
              "certificate_id": {
                "type": "string",
                "description": "ID of certificate to use. Must have the `domain` specified in the certificate's Subject Alternative Names.",
                "description_kind": "plain",
                "required": true
              },
              "configuration_id": {
                "type": "string",
                "description": "ID of TLS configuration to be used to terminate TLS traffic, or use the default one if missing.",
                "description_kind": "plain",
                "optional": true,
                "computed": true
              },
              "created_at": {
                "type": "string",
                "description": "Time-stamp (GMT) when TLS was enabled.",
                "description_kind": "plain",
                "computed": true
              },
              "domain": {
                "type": "string",
                "description": "Domain to enable TLS on. Must be assigned to an existing Fastly Service.",
                "description_kind": "plain",
                "required": true
              },
              "id": {
                "type": "string",
                "description_kind": "plain",
                "optional": true,
                "computed": true
              }
            },
            "description_kind": "plain"
          }
        },
        "fastly_tls_certificate": {
          "version": 0,
          "block": {
            "attributes": {
              "certificate_body": {
                "type": "string",
                "description": "PEM-formatted certificate, optionally including any intermediary certificates.",
                "description_kind": "plain",
                "required": true
              },
              "created_at": {
                "type": "string",
                "description": "Timestamp (GMT) when the certificate was created.",
                "description_kind": "plain",
                "computed": true
              },
              "domains": {
                "type": [
                  "set",
                  "string"
                ],
                "description": "All the domains (including wildcard domains) that are listed in the certificate's Subject Alternative Names (SAN) list.",
                "description_kind": "plain",
                "computed": true
              },
              "id": {
                "type": "string",
                "description_kind": "plain",
                "optional": true,
                "computed": true
              },
              "issued_to": {
                "type": "string",
                "description": "The hostname for which a certificate was issued.",
                "description_kind": "plain",
                "computed": true
              },
              "issuer": {
                "type": "string",
                "description": "The certificate authority that issued the certificate.",
                "description_kind": "plain",
                "computed": true
              },
              "name": {
                "type": "string",
                "description": "Human-readable name used to identify the certificate. Defaults to the certificate's Common Name or first Subject Alternative Name entry.",
                "description_kind": "plain",
                "optional": true,
                "computed": true
              },
              "replace": {
                "type": "bool",
                "description": "A recommendation from Fastly indicating the key associated with this certificate is in need of rotation.",
                "description_kind": "plain",
                "computed": true
              },
              "serial_number": {
                "type": "string",
                "description": "A value assigned by the issuer that is unique to a certificate.",
                "description_kind": "plain",
                "computed": true
              },
              "signature_algorithm": {
                "type": "string",
                "description": "The algorithm used to sign the certificate.",
                "description_kind": "plain",
                "computed": true
              },
              "updated_at": {
                "type": "string",
                "description": "Timestamp (GMT) when the certificate was last updated.",
                "description_kind": "plain",
                "computed": true
              }
            },
            "description_kind": "plain"
          }
        },
        "fastly_tls_platform_certificate": {
          "version": 0,
          "block": {
            "attributes": {
              "allow_untrusted_root": {
                "type": "bool",
                "description": "Disable checking whether the root of the certificate chain is trusted. Useful for development purposes to allow use of self-signed CAs. Defaults to false. Write-only on create.",
                "description_kind": "plain",
                "optional": true
              },
              "certificate_body": {
                "type": "string",
                "description": "PEM-formatted certificate.",
                "description_kind": "plain",
                "required": true
              },
              "configuration_id": {
                "type": "string",
                "description": "ID of TLS configuration to be used to terminate TLS traffic.",
                "description_kind": "plain",
                "required": true
              },
              "created_at": {
                "type": "string",
                "description": "Timestamp (GMT) when the certificate was created.",
                "description_kind": "plain",
                "computed": true
              },
              "domains": {
                "type": [
                  "set",
                  "string"
                ],
                "description": "All the domains (including wildcard domains) that are listed in any certificate's Subject Alternative Names (SAN) list.",
                "description_kind": "plain",
                "computed": true
              },
              "id": {
                "type": "string",
                "description_kind": "plain",
                "optional": true,
                "computed": true
              },
              "intermediates_blob": {
                "type": "string",
                "description": "PEM-formatted certificate chain from the `certificate_body` to its root.",
                "description_kind": "plain",
                "required": true
              },
              "not_after": {
                "type": "string",
                "description": "Timestamp (GMT) when the certificate will expire.",
                "description_kind": "plain",
                "computed": true
              },
              "not_before": {
                "type": "string",
                "description": "Timestamp (GMT) when the certificate will become valid.",
                "description_kind": "plain",
                "computed": true
              },
              "replace": {
                "type": "bool",
                "description": "A recommendation from Fastly indicating the key associated with this certificate is in need of rotation.",
                "description_kind": "plain",
                "computed": true
              },
              "updated_at": {
                "type": "string",
                "description": "Timestamp (GMT) when the certificate was last updated.",
                "description_kind": "plain",
                "computed": true
              }
            },
            "description_kind": "plain"
          }
        },
        "fastly_tls_private_key": {
          "version": 0,
          "block": {
            "attributes": {
              "created_at": {
                "type": "string",
                "description": "Time-stamp (GMT) when the private key was created.",
                "description_kind": "plain",
                "computed": true
              },
              "id": {
                "type": "string",
                "description_kind": "plain",
                "optional": true,
                "computed": true
              },
              "key_length": {
                "type": "number",
                "description": "The key length used to generate the private key.",
                "description_kind": "plain",
                "computed": true
              },
              "key_pem": {
                "type": "string",
                "description": "Private key in PEM format.",
                "description_kind": "plain",
                "required": true,
                "sensitive": true
              },
              "key_type": {
                "type": "string",
                "description": "The algorithm used to generate the private key. Must be RSA.",
                "description_kind": "plain",
                "computed": true
              },
              "name": {
                "type": "string",
                "description": "Customisable name of the private key.",
                "description_kind": "plain",
                "required": true
              },
              "public_key_sha1": {
                "type": "string",
                "description": "Useful for safely identifying the key.",
                "description_kind": "plain",
                "computed": true
              },
              "replace": {
                "type": "bool",
                "description": "Whether Fastly recommends replacing this private key.",
                "description_kind": "plain",
                "computed": true
              }
            },
            "description_kind": "plain"
          }
        },
        "fastly_tls_subscription": {
          "version": 0,
          "block": {
            "attributes": {
              "certificate_authority": {
                "type": "string",
                "description": "The entity that issues and certifies the TLS certificates for your subscription. Valid values are `lets-encrypt`, `globalsign` or `certainly` (beta).",
                "description_kind": "plain",
                "required": true
              },
              "certificate_id": {
                "type": "string",
                "description": "The certificate ID associated with the subscription.",
                "description_kind": "plain",
                "computed": true
              },
              "common_name": {
                "type": "string",
                "description": "The common name associated with the subscription generated by Fastly TLS. If you do not pass a common name on create, we will default to the first TLS domain included. If provided, the domain chosen as the common name must be included in TLS domains.",
                "description_kind": "plain",
                "optional": true,
                "computed": true
              },
              "configuration_id": {
                "type": "string",
                "description": "The ID of the set of TLS configuration options that apply to the enabled domains on this subscription.",
                "description_kind": "plain",
                "optional": true,
                "computed": true
              },
              "created_at": {
                "type": "string",
                "description": "Timestamp (GMT) when the subscription was created.",
                "description_kind": "plain",
                "computed": true
              },
              "domains": {
                "type": [
                  "set",
                  "string"
                ],
                "description": "List of domains on which to enable TLS.",
                "description_kind": "plain",
                "required": true
              },
              "force_destroy": {
                "type": "bool",
                "description": "Force delete the subscription even if it has active domains. Warning: this can disable production traffic if used incorrectly. Defaults to false.",
                "description_kind": "plain",
                "optional": true
              },
              "force_update": {
                "type": "bool",
                "description": "Force update the subscription even if it has active domains. Warning: this can disable production traffic if used incorrectly.",
                "description_kind": "plain",
                "optional": true
              },
              "id": {
                "type": "string",
                "description_kind": "plain",
                "optional": true,
                "computed": true
              },
              "managed_dns_challenge": {
                "type": [
                  "map",
                  "string"
                ],
                "description": "The details required to configure DNS to respond to ACME DNS challenge in order to verify domain ownership.",
                "description_kind": "plain",
                "deprecated": true,
                "computed": true
              },
              "managed_dns_challenges": {
                "type": [
                  "set",
                  [
                    "object",
                    {
                      "record_name": "string",
                      "record_type": "string",
                      "record_value": "string"
                    }
                  ]
                ],
                "description": "A list of options for configuring DNS to respond to ACME DNS challenge in order to verify domain ownership.",
                "description_kind": "plain",
                "computed": true
              },
              "managed_http_challenges": {
                "type": [
                  "set",
                  [
                    "object",
                    {
                      "record_name": "string",
                      "record_type": "string",
                      "record_values": [
                        "set",
                        "string"
                      ]
                    }
                  ]
                ],
                "description": "A list of options for configuring DNS to respond to ACME HTTP challenge in order to verify domain ownership. Best accessed through a `for` expression to filter the relevant record.",
                "description_kind": "plain",
                "computed": true
              },
              "state": {
                "type": "string",
                "description": "The current state of the subscription. The list of possible states are: `pending`, `processing`, `issued`, and `renewing`.",
                "description_kind": "plain",
                "computed": true
              },
              "updated_at": {
                "type": "string",
                "description": "Timestamp (GMT) when the subscription was updated.",
                "description_kind": "plain",
                "computed": true
              }
            },
            "description_kind": "plain"
          }
        },
        "fastly_tls_subscription_validation": {
          "version": 0,
          "block": {
            "attributes": {
              "id": {
                "type": "string",
                "description_kind": "plain",
                "optional": true,
                "computed": true
              },
              "subscription_id": {
                "type": "string",
                "description": "The ID of the TLS Subscription that should be validated.",
                "description_kind": "plain",
                "required": true
              }
            },
            "block_types": {
              "timeouts": {
                "nesting_mode": "single",
                "block": {
                  "attributes": {
                    "create": {
                      "type": "string",
                      "description_kind": "plain",
                      "optional": true
                    }
                  },
                  "description_kind": "plain"
                }
              }
            },
            "description_kind": "plain"
          }
        },
        "fastly_user": {
          "version": 0,
          "block": {
            "attributes": {
              "id": {
                "type": "string",
                "description_kind": "plain",
                "optional": true,
                "computed": true
              },
              "login": {
                "type": "string",
                "description": "The email address, which is the login name, of the User",
                "description_kind": "plain",
                "required": true
              },
              "name": {
                "type": "string",
                "description": "The real life name of the user",
                "description_kind": "plain",
                "required": true
              },
              "role": {
                "type": "string",
                "description": "The role of this user. Can be `user` (the default), `billing`, `engineer`, or `superuser`. For detailed information on the abilities granted to each role, see [Fastly's Documentation on User roles](https://docs.fastly.com/en/guides/configuring-user-roles-and-permissions#user-roles-and-what-they-can-do)",
                "description_kind": "plain",
                "optional": true
              }
            },
            "description_kind": "plain"
          }
        }
      },
      "data_source_schemas": {
        "fastly_datacenters": {
          "version": 0,
          "block": {
            "attributes": {
              "id": {
                "type": "string",
                "description_kind": "plain",
                "optional": true,
                "computed": true
              },
              "pops": {
                "type": [
                  "list",
                  [
                    "object",
                    {
                      "code": "string",
                      "group": "string",
                      "name": "string",
                      "shield": "string"
                    }
                  ]
                ],
                "description": "A list of all Fastly POPs.",
                "description_kind": "plain",
                "computed": true
              }
            },
            "description_kind": "plain"
          }
        },
        "fastly_ip_ranges": {
          "version": 0,
          "block": {
            "attributes": {
              "cidr_blocks": {
                "type": [
                  "list",
                  "string"
                ],
                "description": "The lexically ordered list of ipv4 CIDR blocks.",
                "description_kind": "plain",
                "computed": true
              },
              "id": {
                "type": "string",
                "description_kind": "plain",
                "optional": true,
                "computed": true
              },
              "ipv6_cidr_blocks": {
                "type": [
                  "list",
                  "string"
                ],
                "description": "The lexically ordered list of ipv6 CIDR blocks.",
                "description_kind": "plain",
                "computed": true
              }
            },
            "description_kind": "plain"
          }
        },
        "fastly_services": {
          "version": 0,
          "block": {
            "attributes": {
              "details": {
                "type": [
                  "set",
                  [
                    "object",
                    {
                      "comment": "string",
                      "created_at": "string",
                      "customer_id": "string",
                      "id": "string",
                      "name": "string",
                      "type": "string",
                      "updated_at": "string",
                      "version": "number"
                    }
                  ]
                ],
                "description": "A detailed list of Fastly services in your account. This is limited to the services the API token can read.",
                "description_kind": "plain",
                "computed": true
              },
              "id": {
                "type": "string",
                "description_kind": "plain",
                "optional": true,
                "computed": true
              },
              "ids": {
                "type": [
                  "set",
                  "string"
                ],
                "description": "A list of service IDs in your account. This is limited to the services the API token can read.",
                "description_kind": "plain",
                "computed": true
              }
            },
            "description_kind": "plain"
          }
        },
        "fastly_tls_activation": {
          "version": 0,
          "block": {
            "attributes": {
              "certificate_id": {
                "type": "string",
                "description": "ID of the TLS Certificate used.",
                "description_kind": "plain",
                "optional": true,
                "computed": true
              },
              "configuration_id": {
                "type": "string",
                "description": "ID of the TLS Configuration used.",
                "description_kind": "plain",
                "optional": true,
                "computed": true
              },
              "created_at": {
                "type": "string",
                "description": "Timestamp (GMT) when TLS was enabled.",
                "description_kind": "plain",
                "computed": true
              },
              "domain": {
                "type": "string",
                "description": "Domain that TLS was enabled on.",
                "description_kind": "plain",
                "optional": true,
                "computed": true
              },
              "id": {
                "type": "string",
                "description": "Fastly Activation ID. Conflicts with all other filters.",
                "description_kind": "plain",
                "optional": true,
                "computed": true
              }
            },
            "description_kind": "plain"
          }
        },
        "fastly_tls_activation_ids": {
          "version": 0,
          "block": {
            "attributes": {
              "certificate_id": {
                "type": "string",
                "description": "ID of TLS certificate used to filter activations",
                "description_kind": "plain",
                "optional": true
              },
              "id": {
                "type": "string",
                "description_kind": "plain",
                "optional": true,
                "computed": true
              },
              "ids": {
                "type": [
                  "set",
                  "string"
                ],
                "description": "List of IDs of the TLS Activations.",
                "description_kind": "plain",
                "computed": true
              }
            },
            "description_kind": "plain"
          }
        },
        "fastly_tls_certificate": {
          "version": 0,
          "block": {
            "attributes": {
              "created_at": {
                "type": "string",
                "description": "Timestamp (GMT) when the certificate was created",
                "description_kind": "plain",
                "computed": true
              },
              "domains": {
                "type": [
                  "set",
                  "string"
                ],
                "description": "Domains that are listed in any certificates' Subject Alternative Names (SAN) list.",
                "description_kind": "plain",
                "optional": true,
                "computed": true
              },
              "id": {
                "type": "string",
                "description": "Unique ID assigned to certificate by Fastly",
                "description_kind": "plain",
                "optional": true,
                "computed": true
              },
              "issued_to": {
                "type": "string",
                "description": "The hostname for which a certificate was issued.",
                "description_kind": "plain",
                "optional": true,
                "computed": true
              },
              "issuer": {
                "type": "string",
                "description": "The certificate authority that issued the certificate.",
                "description_kind": "plain",
                "optional": true,
                "computed": true
              },
              "name": {
                "type": "string",
                "description": "Human-readable name used to identify the certificate. Defaults to the certificate's Common Name or first Subject Alternative Name entry.",
                "description_kind": "plain",
                "optional": true,
                "computed": true
              },
              "replace": {
                "type": "bool",
                "description": "A recommendation from Fastly indicating the key associated with this certificate is in need of rotation",
                "description_kind": "plain",
                "computed": true
              },
              "serial_number": {
                "type": "string",
                "description": "A value assigned by the issuer that is unique to a certificate",
                "description_kind": "plain",
                "computed": true
              },
              "signature_algorithm": {
                "type": "string",
                "description": "The algorithm used to sign the certificate",
                "description_kind": "plain",
                "computed": true
              },
              "updated_at": {
                "type": "string",
                "description": "Timestamp (GMT) when the certificate was last updated",
                "description_kind": "plain",
                "computed": true
              }
            },
            "description_kind": "plain"
          }
        },
        "fastly_tls_certificate_ids": {
          "version": 0,
          "block": {
            "attributes": {
              "id": {
                "type": "string",
                "description_kind": "plain",
                "optional": true,
                "computed": true
              },
              "ids": {
                "type": [
                  "set",
                  "string"
                ],
                "description": "List of IDs corresponding to Custom TLS certificates.",
                "description_kind": "plain",
                "computed": true
              }
            },
            "description_kind": "plain"
          }
        },
        "fastly_tls_configuration": {
          "version": 0,
          "block": {
            "attributes": {
              "created_at": {
                "type": "string",
                "description": "Timestamp (GMT) when the configuration was created.",
                "description_kind": "plain",
                "computed": true
              },
              "default": {
                "type": "bool",
                "description": "Signifies whether Fastly will use this configuration as a default when creating a new TLS activation.",
                "description_kind": "plain",
                "optional": true,
                "computed": true
              },
              "dns_records": {
                "type": [
                  "set",
                  [
                    "object",
                    {
                      "record_type": "string",
                      "record_value": "string",
                      "region": "string"
                    }
                  ]
                ],
                "description": "The available DNS addresses that can be used to enable TLS for a domain. DNS must be configured for a domain for TLS handshakes to succeed. If enabling TLS on an apex domain (e.g. `example.com`) you must create four A records (or four AAAA records for IPv6 support) using the displayed global A record's IP addresses with your DNS provider. For subdomains and wildcard domains (e.g. `www.example.com` or `*.example.com`) you will need to create a relevant CNAME record.",
                "description_kind": "plain",
                "computed": true
              },
              "http_protocols": {
                "type": [
                  "set",
                  "string"
                ],
                "description": "HTTP protocols available on the TLS configuration.",
                "description_kind": "plain",
                "optional": true,
                "computed": true
              },
              "id": {
                "type": "string",
                "description": "ID of the TLS configuration obtained from the Fastly API or another data source. Conflicts with all the other filters.",
                "description_kind": "plain",
                "optional": true,
                "computed": true
              },
              "name": {
                "type": "string",
                "description": "Custom name of the TLS configuration.",
                "description_kind": "plain",
                "optional": true,
                "computed": true
              },
              "tls_protocols": {
                "type": [
                  "set",
                  "string"
                ],
                "description": "TLS protocols available on the TLS configuration.",
                "description_kind": "plain",
                "optional": true,
                "computed": true
              },
              "tls_service": {
                "type": "string",
                "description": "Whether the configuration should support the `PLATFORM` or `CUSTOM` TLS service.",
                "description_kind": "plain",
                "optional": true,
                "computed": true
              },
              "updated_at": {
                "type": "string",
                "description": "Timestamp (GMT) when the configuration was last updated.",
                "description_kind": "plain",
                "computed": true
              }
            },
            "description_kind": "plain"
          }
        },
        "fastly_tls_configuration_ids": {
          "version": 0,
          "block": {
            "attributes": {
              "id": {
                "type": "string",
                "description_kind": "plain",
                "optional": true,
                "computed": true
              },
              "ids": {
                "type": [
                  "set",
                  "string"
                ],
                "description": "List of IDs corresponding to available TLS configurations.",
                "description_kind": "plain",
                "computed": true
              }
            },
            "description_kind": "plain"
          }
        },
        "fastly_tls_domain": {
          "version": 0,
          "block": {
            "attributes": {
              "domain": {
                "type": "string",
                "description": "Domain name to look up activations, certificates and subscriptions for.",
                "description_kind": "plain",
                "required": true
              },
              "id": {
                "type": "string",
                "description_kind": "plain",
                "optional": true,
                "computed": true
              },
              "tls_activation_ids": {
                "type": [
                  "set",
                  "string"
                ],
                "description": "IDs of the activations associated with the domain.",
                "description_kind": "plain",
                "computed": true
              },
              "tls_certificate_ids": {
                "type": [
                  "set",
                  "string"
                ],
                "description": "IDs of the certificates associated with the domain.",
                "description_kind": "plain",
                "computed": true
              },
              "tls_subscription_ids": {
                "type": [
                  "set",
                  "string"
                ],
                "description": "IDs of the subscriptions associated with the domain.",
                "description_kind": "plain",
                "computed": true
              }
            },
            "description_kind": "plain"
          }
        },
        "fastly_tls_platform_certificate": {
          "version": 0,
          "block": {
            "attributes": {
              "configuration_id": {
                "type": "string",
                "description": "ID of TLS configuration used to terminate TLS traffic.",
                "description_kind": "plain",
                "computed": true
              },
              "created_at": {
                "type": "string",
                "description": "Timestamp (GMT) when the certificate was created.",
                "description_kind": "plain",
                "computed": true
              },
              "domains": {
                "type": [
                  "set",
                  "string"
                ],
                "description": "Domains that are listed in any certificate's Subject Alternative Names (SAN) list.",
                "description_kind": "plain",
                "optional": true,
                "computed": true
              },
              "id": {
                "type": "string",
                "description": "Unique ID assigned to certificate by Fastly. Conflicts with all the other filters.",
                "description_kind": "plain",
                "optional": true,
                "computed": true
              },
              "not_after": {
                "type": "string",
                "description": "Timestamp (GMT) when the certificate will expire.",
                "description_kind": "plain",
                "computed": true
              },
              "not_before": {
                "type": "string",
                "description": "Timestamp (GMT) when the certificate will become valid.",
                "description_kind": "plain",
                "computed": true
              },
              "replace": {
                "type": "bool",
                "description": "A recommendation from Fastly indicating the key associated with this certificate is in need of rotation.",
                "description_kind": "plain",
                "computed": true
              },
              "updated_at": {
                "type": "string",
                "description": "Timestamp (GMT) when the certificate was last updated.",
                "description_kind": "plain",
                "computed": true
              }
            },
            "description_kind": "plain"
          }
        },
        "fastly_tls_platform_certificate_ids": {
          "version": 0,
          "block": {
            "attributes": {
              "id": {
                "type": "string",
                "description_kind": "plain",
                "optional": true,
                "computed": true
              },
              "ids": {
                "type": [
                  "set",
                  "string"
                ],
                "description": "List of IDs corresponding to Platform TLS certificates.",
                "description_kind": "plain",
                "computed": true
              }
            },
            "description_kind": "plain"
          }
        },
        "fastly_tls_private_key": {
          "version": 0,
          "block": {
            "attributes": {
              "created_at": {
                "type": "string",
                "description": "Timestamp (GMT) when the private key was created.",
                "description_kind": "plain",
                "optional": true,
                "computed": true
              },
              "id": {
                "type": "string",
                "description": "Fastly private key ID. Conflicts with all the other filters",
                "description_kind": "plain",
                "optional": true,
                "computed": true
              },
              "key_length": {
                "type": "number",
                "description": "The key length used to generate the private key.",
                "description_kind": "plain",
                "optional": true,
                "computed": true
              },
              "key_type": {
                "type": "string",
                "description": "The algorithm used to generate the private key. Must be RSA.",
                "description_kind": "plain",
                "optional": true,
                "computed": true
              },
              "name": {
                "type": "string",
                "description": "The human-readable name assigned to the private key when uploaded.",
                "description_kind": "plain",
                "optional": true,
                "computed": true
              },
              "public_key_sha1": {
                "type": "string",
                "description": "A hash of the associated public key, useful for safely identifying it.",
                "description_kind": "plain",
                "optional": true,
                "computed": true
              },
              "replace": {
                "type": "bool",
                "description": "Whether Fastly recommends replacing this private key.",
                "description_kind": "plain",
                "computed": true
              }
            },
            "description_kind": "plain"
          }
        },
        "fastly_tls_private_key_ids": {
          "version": 0,
          "block": {
            "attributes": {
              "id": {
                "type": "string",
                "description_kind": "plain",
                "optional": true,
                "computed": true
              },
              "ids": {
                "type": [
                  "set",
                  "string"
                ],
                "description": "List of IDs of the TLS private keys.",
                "description_kind": "plain",
                "computed": true
              }
            },
            "description_kind": "plain"
          }
        },
        "fastly_tls_subscription": {
          "version": 0,
          "block": {
            "attributes": {
              "certificate_authority": {
                "type": "string",
                "description": "The entity that issues and certifies the TLS certificates for the subscription.",
                "description_kind": "plain",
                "optional": true,
                "computed": true
              },
              "common_name": {
                "type": "string",
                "description": "The common name associated with the subscription generated by Fastly TLS.",
                "description_kind": "plain",
                "computed": true
              },
              "configuration_id": {
                "type": "string",
                "description": "ID of TLS configuration used to terminate TLS traffic.",
                "description_kind": "plain",
                "optional": true,
                "computed": true
              },
              "created_at": {
                "type": "string",
                "description": "Timestamp (GMT) when subscription was created.",
                "description_kind": "plain",
                "computed": true
              },
              "domains": {
                "type": [
                  "set",
                  "string"
                ],
                "description": "List of domains on which to enable TLS.",
                "description_kind": "plain",
                "optional": true,
                "computed": true
              },
              "id": {
                "type": "string",
                "description": "ID of TLS subscription. Conflicts with all the other filters.",
                "description_kind": "plain",
                "optional": true,
                "computed": true
              },
              "state": {
                "type": "string",
                "description": "The current state of the subscription. The list of possible states are: `pending`, `processing`, `issued`, and `renewing`.",
                "description_kind": "plain",
                "computed": true
              },
              "updated_at": {
                "type": "string",
                "description": "Timestamp (GMT) when subscription was last updated.",
                "description_kind": "plain",
                "computed": true
              }
            },
            "description_kind": "plain"
          }
        },
        "fastly_tls_subscription_ids": {
          "version": 0,
          "block": {
            "attributes": {
              "id": {
                "type": "string",
                "description_kind": "plain",
                "optional": true,
                "computed": true
              },
              "ids": {
                "type": [
                  "set",
                  "string"
                ],
                "description": "IDs of available TLS subscriptions.",
                "description_kind": "plain",
                "computed": true
              }
            },
            "description_kind": "plain"
          }
        },
        "fastly_waf_rules": {
          "version": 0,
          "block": {
            "attributes": {
              "exclude_modsec_rule_ids": {
                "type": [
                  "list",
                  "number"
                ],
                "description": "A list of modsecurity rules IDs to be excluded from the data set.",
                "description_kind": "plain",
                "optional": true
              },
              "id": {
                "type": "string",
                "description_kind": "plain",
                "optional": true,
                "computed": true
              },
              "modsec_rule_ids": {
                "type": [
                  "list",
                  "number"
                ],
                "description": "A list of modsecurity rules IDs to be used as filters for the data set.",
                "description_kind": "plain",
                "optional": true
              },
              "publishers": {
                "type": [
                  "list",
                  "string"
                ],
                "description": "A list of publishers to be used as filters for the data set.",
                "description_kind": "plain",
                "optional": true
              },
              "rules": {
                "type": [
                  "list",
                  [
                    "object",
                    {
                      "latest_revision_number": "number",
                      "modsec_rule_id": "number",
                      "type": "string"
                    }
                  ]
                ],
                "description": "The list of rules that results from any given combination of filters.",
                "description_kind": "plain",
                "computed": true
              },
              "tags": {
                "type": [
                  "list",
                  "string"
                ],
                "description": "A list of tags to be used as filters for the data set.",
                "description_kind": "plain",
                "optional": true
              }
            },
            "description_kind": "plain"
          }
        }
      }
    }
  }
}
