{
  "nodes": {
    "flake-parts": {
      "inputs": {
        "nixpkgs-lib": [
          "nixpkgs"
        ]
      },
      "locked": {
        "lastModified": 1678379998,
        "narHash": "sha256-TZdfNqftHhDuIFwBcN9MUThx5sQXCTeZk9je5byPKRw=",
        "owner": "hercules-ci",
        "repo": "flake-parts",
        "rev": "c13d60b89adea3dc20704c045ec4d50dd964d447",
        "type": "github"
      },
      "original": {
        "owner": "hercules-ci",
        "repo": "flake-parts",
        "type": "github"
      }
    },
    "nixpkgs": {
      "locked": {
        "lastModified": 1679410443,
        "narHash": "sha256-xDHO/jixWD+y5pmW5+2q4Z4O/I/nA4MAa30svnZKK+M=",
        "owner": "NixOS",
        "repo": "nixpkgs",
        "rev": "c9ece0059f42e0ab53ac870104ca4049df41b133",
        "type": "github"
      },
      "original": {
        "owner": "NixOS",
        "ref": "nixpkgs-unstable",
        "repo": "nixpkgs",
        "type": "github"
      }
    },
    "root": {
      "inputs": {
        "flake-parts": "flake-parts",
        "nixpkgs": "nixpkgs"
      }
    }
  },
  "root": "root",
  "version": 7
}
