{
  "format_version": "1.0",
  "provider_schemas": {
    "registry.terraform.io/flexibleenginecloud/flexibleengine": {
      "provider": {
        "version": 0,
        "block": {
          "attributes": {
            "access_key": {
              "type": "string",
              "description": "The access key of the FlexibleEngine cloud to use.",
              "description_kind": "plain",
              "optional": true
            },
            "auth_url": {
              "type": "string",
              "description": "The Identity authentication URL.",
              "description_kind": "plain",
              "optional": true
            },
            "cacert_file": {
              "type": "string",
              "description": "A Custom CA certificate.",
              "description_kind": "plain",
              "optional": true
            },
            "cert": {
              "type": "string",
              "description": "A client certificate to authenticate with.",
              "description_kind": "plain",
              "optional": true
            },
            "cloud": {
              "type": "string",
              "description": "The endpoint of cloud provider, defaults to prod-cloud-ocb.orange-business.com",
              "description_kind": "plain",
              "optional": true
            },
            "domain_id": {
              "type": "string",
              "description": "The ID of the Domain to scope to (Identity v3).",
              "description_kind": "plain",
              "optional": true
            },
            "domain_name": {
              "type": "string",
              "description": "The name of the Domain to scope to (Identity v3).",
              "description_kind": "plain",
              "optional": true
            },
            "endpoints": {
              "type": [
                "map",
                "string"
              ],
              "description": "Experimental Feature: the custom endpoints used to override the default endpoint URL",
              "description_kind": "plain",
              "optional": true
            },
            "insecure": {
              "type": "bool",
              "description": "Trust self-signed certificates.",
              "description_kind": "plain",
              "optional": true
            },
            "key": {
              "type": "string",
              "description": "A client private key to authenticate with.",
              "description_kind": "plain",
              "optional": true
            },
            "max_retries": {
              "type": "number",
              "description": "How many times HTTP connection should be retried until giving up.",
              "description_kind": "plain",
              "optional": true
            },
            "password": {
              "type": "string",
              "description": "Password to login with.",
              "description_kind": "plain",
              "optional": true,
              "sensitive": true
            },
            "region": {
              "type": "string",
              "description": "The FlexibleEngine region to connect to.",
              "description_kind": "plain",
              "required": true
            },
            "secret_key": {
              "type": "string",
              "description": "The secret key of the FlexibleEngine cloud to use.",
              "description_kind": "plain",
              "optional": true
            },
            "security_token": {
              "type": "string",
              "description": "Security token to use for OBS federated authentication.",
              "description_kind": "plain",
              "optional": true
            },
            "tenant_id": {
              "type": "string",
              "description": "The ID of the Tenant (Identity v2) or Project (Identity v3)\nto login with.",
              "description_kind": "plain",
              "optional": true
            },
            "tenant_name": {
              "type": "string",
              "description": "The name of the Tenant (Identity v2) or Project (Identity v3)\nto login with.",
              "description_kind": "plain",
              "optional": true
            },
            "token": {
              "type": "string",
              "description": "Authentication token to use as an alternative to username/password.",
              "description_kind": "plain",
              "optional": true
            },
            "user_id": {
              "type": "string",
              "description": "User ID to login with.",
              "description_kind": "plain",
              "optional": true
            },
            "user_name": {
              "type": "string",
              "description": "Username to login with.",
              "description_kind": "plain",
              "optional": true
            }
          },
          "description_kind": "plain"
        }
      },
      "resource_schemas": {
        "flexibleengine_antiddos_v1": {
          "version": 0,
          "block": {
            "attributes": {
              "app_type_id": {
                "type": "number",
                "description_kind": "plain",
                "required": true
              },
              "cleaning_access_pos_id": {
                "type": "number",
                "description_kind": "plain",
                "required": true
              },
              "enable_l7": {
                "type": "bool",
                "description_kind": "plain",
                "required": true
              },
              "floating_ip_id": {
                "type": "string",
                "description_kind": "plain",
                "required": true
              },
              "http_request_pos_id": {
                "type": "number",
                "description_kind": "plain",
                "required": true
              },
              "id": {
                "type": "string",
                "description_kind": "plain",
                "optional": true,
                "computed": true
              },
              "region": {
                "type": "string",
                "description_kind": "plain",
                "optional": true,
                "computed": true
              },
              "traffic_pos_id": {
                "type": "number",
                "description_kind": "plain",
                "required": true
              }
            },
            "block_types": {
              "timeouts": {
                "nesting_mode": "single",
                "block": {
                  "attributes": {
                    "create": {
                      "type": "string",
                      "description_kind": "plain",
                      "optional": true
                    },
                    "delete": {
                      "type": "string",
                      "description_kind": "plain",
                      "optional": true
                    },
                    "update": {
                      "type": "string",
                      "description_kind": "plain",
                      "optional": true
                    }
                  },
                  "description_kind": "plain"
                }
              }
            },
            "description_kind": "plain"
          }
        },
        "flexibleengine_api_gateway_api": {
          "version": 0,
          "block": {
            "attributes": {
              "auth_type": {
                "type": "string",
                "description_kind": "plain",
                "required": true
              },
              "backend_type": {
                "type": "string",
                "description_kind": "plain",
                "required": true
              },
              "cors": {
                "type": "bool",
                "description_kind": "plain",
                "optional": true
              },
              "description": {
                "type": "string",
                "description_kind": "plain",
                "optional": true
              },
              "example_failure_response": {
                "type": "string",
                "description_kind": "plain",
                "optional": true
              },
              "example_success_response": {
                "type": "string",
                "description_kind": "plain",
                "required": true
              },
              "group_id": {
                "type": "string",
                "description_kind": "plain",
                "required": true
              },
              "group_name": {
                "type": "string",
                "description_kind": "plain",
                "computed": true
              },
              "id": {
                "type": "string",
                "description_kind": "plain",
                "optional": true,
                "computed": true
              },
              "name": {
                "type": "string",
                "description_kind": "plain",
                "required": true
              },
              "region": {
                "type": "string",
                "description_kind": "plain",
                "optional": true,
                "computed": true
              },
              "request_method": {
                "type": "string",
                "description_kind": "plain",
                "required": true
              },
              "request_protocol": {
                "type": "string",
                "description_kind": "plain",
                "optional": true
              },
              "request_uri": {
                "type": "string",
                "description_kind": "plain",
                "required": true
              },
              "tags": {
                "type": [
                  "set",
                  "string"
                ],
                "description_kind": "plain",
                "optional": true
              },
              "version": {
                "type": "string",
                "description_kind": "plain",
                "optional": true,
                "computed": true
              },
              "visibility": {
                "type": "number",
                "description_kind": "plain",
                "optional": true
              }
            },
            "block_types": {
              "backend_parameter": {
                "nesting_mode": "list",
                "block": {
                  "attributes": {
                    "description": {
                      "type": "string",
                      "description_kind": "plain",
                      "optional": true
                    },
                    "location": {
                      "type": "string",
                      "description_kind": "plain",
                      "required": true
                    },
                    "name": {
                      "type": "string",
                      "description_kind": "plain",
                      "required": true
                    },
                    "type": {
                      "type": "string",
                      "description_kind": "plain",
                      "optional": true
                    },
                    "value": {
                      "type": "string",
                      "description_kind": "plain",
                      "required": true
                    }
                  },
                  "description_kind": "plain"
                }
              },
              "function_backend": {
                "nesting_mode": "list",
                "block": {
                  "attributes": {
                    "function_urn": {
                      "type": "string",
                      "description_kind": "plain",
                      "required": true
                    },
                    "invocation_type": {
                      "type": "string",
                      "description_kind": "plain",
                      "required": true
                    },
                    "timeout": {
                      "type": "number",
                      "description_kind": "plain",
                      "optional": true
                    },
                    "version": {
                      "type": "string",
                      "description_kind": "plain",
                      "required": true
                    }
                  },
                  "description_kind": "plain"
                },
                "max_items": 1
              },
              "http_backend": {
                "nesting_mode": "list",
                "block": {
                  "attributes": {
                    "method": {
                      "type": "string",
                      "description_kind": "plain",
                      "required": true
                    },
                    "protocol": {
                      "type": "string",
                      "description_kind": "plain",
                      "required": true
                    },
                    "timeout": {
                      "type": "number",
                      "description_kind": "plain",
                      "optional": true
                    },
                    "uri": {
                      "type": "string",
                      "description_kind": "plain",
                      "required": true
                    },
                    "url_domain": {
                      "type": "string",
                      "description_kind": "plain",
                      "optional": true
                    },
                    "vpc_channel": {
                      "type": "string",
                      "description_kind": "plain",
                      "optional": true
                    }
                  },
                  "description_kind": "plain"
                },
                "max_items": 1
              },
              "mock_backend": {
                "nesting_mode": "list",
                "block": {
                  "attributes": {
                    "description": {
                      "type": "string",
                      "description_kind": "plain",
                      "optional": true
                    },
                    "result_content": {
                      "type": "string",
                      "description_kind": "plain",
                      "optional": true
                    },
                    "version": {
                      "type": "string",
                      "description_kind": "plain",
                      "optional": true
                    }
                  },
                  "description_kind": "plain"
                },
                "max_items": 1
              },
              "request_parameter": {
                "nesting_mode": "list",
                "block": {
                  "attributes": {
                    "default": {
                      "type": "string",
                      "description_kind": "plain",
                      "optional": true
                    },
                    "description": {
                      "type": "string",
                      "description_kind": "plain",
                      "optional": true
                    },
                    "location": {
                      "type": "string",
                      "description_kind": "plain",
                      "required": true
                    },
                    "name": {
                      "type": "string",
                      "description_kind": "plain",
                      "required": true
                    },
                    "required": {
                      "type": "bool",
                      "description_kind": "plain",
                      "required": true
                    },
                    "type": {
                      "type": "string",
                      "description_kind": "plain",
                      "required": true
                    }
                  },
                  "description_kind": "plain"
                }
              },
              "timeouts": {
                "nesting_mode": "single",
                "block": {
                  "attributes": {
                    "create": {
                      "type": "string",
                      "description_kind": "plain",
                      "optional": true
                    },
                    "delete": {
                      "type": "string",
                      "description_kind": "plain",
                      "optional": true
                    }
                  },
                  "description_kind": "plain"
                }
              }
            },
            "description_kind": "plain"
          }
        },
        "flexibleengine_api_gateway_group": {
          "version": 0,
          "block": {
            "attributes": {
              "description": {
                "type": "string",
                "description_kind": "plain",
                "optional": true
              },
              "id": {
                "type": "string",
                "description_kind": "plain",
                "optional": true,
                "computed": true
              },
              "name": {
                "type": "string",
                "description_kind": "plain",
                "required": true
              },
              "region": {
                "type": "string",
                "description_kind": "plain",
                "optional": true,
                "computed": true
              },
              "status": {
                "type": "number",
                "description_kind": "plain",
                "computed": true
              }
            },
            "block_types": {
              "timeouts": {
                "nesting_mode": "single",
                "block": {
                  "attributes": {
                    "create": {
                      "type": "string",
                      "description_kind": "plain",
                      "optional": true
                    },
                    "delete": {
                      "type": "string",
                      "description_kind": "plain",
                      "optional": true
                    }
                  },
                  "description_kind": "plain"
                }
              }
            },
            "description_kind": "plain"
          }
        },
        "flexibleengine_apig_api": {
          "version": 0,
          "block": {
            "attributes": {
              "authorizer_id": {
                "type": "string",
                "description": "The ID of the authorizer to which the API request used.",
                "description_kind": "plain",
                "optional": true
              },
              "body_description": {
                "type": "string",
                "description": "The description of the API request body, which can be an example request body, media type or parameters.",
                "description_kind": "plain",
                "optional": true
              },
              "cors": {
                "type": "bool",
                "description": "Whether CORS is supported.",
                "description_kind": "plain",
                "optional": true
              },
              "description": {
                "type": "string",
                "description": "The API description.",
                "description_kind": "plain",
                "optional": true
              },
              "failure_response": {
                "type": "string",
                "description": "The example response for a failure request.",
                "description_kind": "plain",
                "optional": true
              },
              "group_id": {
                "type": "string",
                "description": "The ID of the API group to which the API belongs.",
                "description_kind": "plain",
                "required": true
              },
              "id": {
                "type": "string",
                "description_kind": "plain",
                "optional": true,
                "computed": true
              },
              "instance_id": {
                "type": "string",
                "description": "The ID of the instance to which the API belongs.",
                "description_kind": "plain",
                "required": true
              },
              "matching": {
                "type": "string",
                "description": "The matching mode of the API.",
                "description_kind": "plain",
                "optional": true
              },
              "name": {
                "type": "string",
                "description": "The API name.",
                "description_kind": "plain",
                "required": true
              },
              "region": {
                "type": "string",
                "description": "The region where the API is located.",
                "description_kind": "plain",
                "optional": true,
                "computed": true
              },
              "registered_at": {
                "type": "string",
                "description": "The registered time of the API.",
                "description_kind": "plain",
                "computed": true
              },
              "request_method": {
                "type": "string",
                "description": "The request method of the API.",
                "description_kind": "plain",
                "required": true
              },
              "request_path": {
                "type": "string",
                "description": "The request address.",
                "description_kind": "plain",
                "required": true
              },
              "request_protocol": {
                "type": "string",
                "description": "The request protocol of the API request.",
                "description_kind": "plain",
                "required": true
              },
              "response_id": {
                "type": "string",
                "description": "The ID of the custom response that API used.",
                "description_kind": "plain",
                "optional": true
              },
              "security_authentication": {
                "type": "string",
                "description": "The security authentication mode of the API request.",
                "description_kind": "plain",
                "optional": true
              },
              "simple_authentication": {
                "type": "bool",
                "description": "Whether the authentication of the application code is enabled.",
                "description_kind": "plain",
                "optional": true,
                "computed": true
              },
              "success_response": {
                "type": "string",
                "description": "The example response for a successful request.",
                "description_kind": "plain",
                "optional": true
              },
              "type": {
                "type": "string",
                "description": "The API type.",
                "description_kind": "plain",
                "required": true
              },
              "updated_at": {
                "type": "string",
                "description": "The latest update time of the API.",
                "description_kind": "plain",
                "computed": true
              }
            },
            "block_types": {
              "backend_params": {
                "nesting_mode": "set",
                "block": {
                  "attributes": {
                    "description": {
                      "type": "string",
                      "description": "The description of the parameter.",
                      "description_kind": "plain",
                      "optional": true
                    },
                    "location": {
                      "type": "string",
                      "description": "Where the parameter is located.",
                      "description_kind": "plain",
                      "required": true
                    },
                    "name": {
                      "type": "string",
                      "description": "The parameter name.",
                      "description_kind": "plain",
                      "required": true
                    },
                    "system_param_type": {
                      "type": "string",
                      "description_kind": "plain",
                      "optional": true
                    },
                    "type": {
                      "type": "string",
                      "description": "The parameter type.",
                      "description_kind": "plain",
                      "required": true
                    },
                    "value": {
                      "type": "string",
                      "description": "The value of the parameter",
                      "description_kind": "plain",
                      "required": true
                    }
                  },
                  "description": "The configurations of the backend parameters.",
                  "description_kind": "plain"
                },
                "max_items": 50
              },
              "func_graph": {
                "nesting_mode": "list",
                "block": {
                  "attributes": {
                    "authorizer_id": {
                      "type": "string",
                      "description": "The ID of the backend custom authorization.",
                      "description_kind": "plain",
                      "optional": true
                    },
                    "function_urn": {
                      "type": "string",
                      "description": "The URN of the FunctionGraph function.",
                      "description_kind": "plain",
                      "required": true
                    },
                    "invocation_type": {
                      "type": "string",
                      "description": "The invocation type.",
                      "description_kind": "plain",
                      "optional": true
                    },
                    "timeout": {
                      "type": "number",
                      "description": "The timeout for API requests to backend service.",
                      "description_kind": "plain",
                      "optional": true
                    },
                    "version": {
                      "type": "string",
                      "description": "The version of the FunctionGraph function.",
                      "description_kind": "plain",
                      "optional": true
                    }
                  },
                  "description": "The FunctionGraph backend details.",
                  "description_kind": "plain"
                },
                "max_items": 1
              },
              "func_graph_policy": {
                "nesting_mode": "set",
                "block": {
                  "attributes": {
                    "authorizer_id": {
                      "type": "string",
                      "description": "The ID of the backend custom authorization.",
                      "description_kind": "plain",
                      "optional": true
                    },
                    "effective_mode": {
                      "type": "string",
                      "description": "The effective mode of the backend policy.",
                      "description_kind": "plain",
                      "optional": true
                    },
                    "function_urn": {
                      "type": "string",
                      "description": "The URN of the FunctionGraph function.",
                      "description_kind": "plain",
                      "required": true
                    },
                    "invocation_mode": {
                      "type": "string",
                      "description": "The invocation mode of the FunctionGraph function.",
                      "description_kind": "plain",
                      "optional": true
                    },
                    "name": {
                      "type": "string",
                      "description": "The name of the backend policy.",
                      "description_kind": "plain",
                      "required": true
                    },
                    "timeout": {
                      "type": "number",
                      "description": "The timeout for API requests to backend service.",
                      "description_kind": "plain",
                      "optional": true
                    },
                    "version": {
                      "type": "string",
                      "description": "The version of the FunctionGraph function.",
                      "description_kind": "plain",
                      "optional": true
                    }
                  },
                  "block_types": {
                    "backend_params": {
                      "nesting_mode": "set",
                      "block": {
                        "attributes": {
                          "description": {
                            "type": "string",
                            "description": "The description of the parameter.",
                            "description_kind": "plain",
                            "optional": true
                          },
                          "location": {
                            "type": "string",
                            "description": "Where the parameter is located.",
                            "description_kind": "plain",
                            "required": true
                          },
                          "name": {
                            "type": "string",
                            "description": "The parameter name.",
                            "description_kind": "plain",
                            "required": true
                          },
                          "system_param_type": {
                            "type": "string",
                            "description_kind": "plain",
                            "optional": true
                          },
                          "type": {
                            "type": "string",
                            "description": "The parameter type.",
                            "description_kind": "plain",
                            "required": true
                          },
                          "value": {
                            "type": "string",
                            "description": "The value of the parameter",
                            "description_kind": "plain",
                            "required": true
                          }
                        },
                        "description": "The configaiton list of the backend parameters.",
                        "description_kind": "plain"
                      }
                    },
                    "conditions": {
                      "nesting_mode": "set",
                      "block": {
                        "attributes": {
                          "param_name": {
                            "type": "string",
                            "description": "The request parameter name.",
                            "description_kind": "plain",
                            "optional": true
                          },
                          "source": {
                            "type": "string",
                            "description": "The type of the backend policy.",
                            "description_kind": "plain",
                            "optional": true
                          },
                          "type": {
                            "type": "string",
                            "description": "The condition type.",
                            "description_kind": "plain",
                            "optional": true
                          },
                          "value": {
                            "type": "string",
                            "description": "The value of the backend policy.",
                            "description_kind": "plain",
                            "required": true
                          }
                        },
                        "description": "The policy conditions.",
                        "description_kind": "plain"
                      },
                      "min_items": 1,
                      "max_items": 5
                    }
                  },
                  "description": "The policy backends of the FunctionGraph function.",
                  "description_kind": "plain"
                },
                "max_items": 5
              },
              "mock": {
                "nesting_mode": "list",
                "block": {
                  "attributes": {
                    "authorizer_id": {
                      "type": "string",
                      "description": "The ID of the backend custom authorization.",
                      "description_kind": "plain",
                      "optional": true
                    },
                    "response": {
                      "type": "string",
                      "description": "The response of the backend policy.",
                      "description_kind": "plain",
                      "optional": true
                    }
                  },
                  "description": "The mock backend details.",
                  "description_kind": "plain"
                },
                "max_items": 1
              },
              "mock_policy": {
                "nesting_mode": "set",
                "block": {
                  "attributes": {
                    "authorizer_id": {
                      "type": "string",
                      "description": "The ID of the backend custom authorization.",
                      "description_kind": "plain",
                      "optional": true
                    },
                    "effective_mode": {
                      "type": "string",
                      "description": "The effective mode of the backend policy.",
                      "description_kind": "plain",
                      "optional": true
                    },
                    "name": {
                      "type": "string",
                      "description": "The backend policy name.",
                      "description_kind": "plain",
                      "required": true
                    },
                    "response": {
                      "type": "string",
                      "description": "The response of the backend policy.",
                      "description_kind": "plain",
                      "optional": true
                    }
                  },
                  "block_types": {
                    "backend_params": {
                      "nesting_mode": "set",
                      "block": {
                        "attributes": {
                          "description": {
                            "type": "string",
                            "description": "The description of the parameter.",
                            "description_kind": "plain",
                            "optional": true
                          },
                          "location": {
                            "type": "string",
                            "description": "Where the parameter is located.",
                            "description_kind": "plain",
                            "required": true
                          },
                          "name": {
                            "type": "string",
                            "description": "The parameter name.",
                            "description_kind": "plain",
                            "required": true
                          },
                          "system_param_type": {
                            "type": "string",
                            "description_kind": "plain",
                            "optional": true
                          },
                          "type": {
                            "type": "string",
                            "description": "The parameter type.",
                            "description_kind": "plain",
                            "required": true
                          },
                          "value": {
                            "type": "string",
                            "description": "The value of the parameter",
                            "description_kind": "plain",
                            "required": true
                          }
                        },
                        "description": "The configuration list of backend parameters.",
                        "description_kind": "plain"
                      }
                    },
                    "conditions": {
                      "nesting_mode": "set",
                      "block": {
                        "attributes": {
                          "param_name": {
                            "type": "string",
                            "description": "The request parameter name.",
                            "description_kind": "plain",
                            "optional": true
                          },
                          "source": {
                            "type": "string",
                            "description": "The type of the backend policy.",
                            "description_kind": "plain",
                            "optional": true
                          },
                          "type": {
                            "type": "string",
                            "description": "The condition type.",
                            "description_kind": "plain",
                            "optional": true
                          },
                          "value": {
                            "type": "string",
                            "description": "The value of the backend policy.",
                            "description_kind": "plain",
                            "required": true
                          }
                        },
                        "description": "The policy conditions.",
                        "description_kind": "plain"
                      },
                      "min_items": 1,
                      "max_items": 5
                    }
                  },
                  "description": "The mock policy backends.",
                  "description_kind": "plain"
                },
                "max_items": 5
              },
              "request_params": {
                "nesting_mode": "set",
                "block": {
                  "attributes": {
                    "default": {
                      "type": "string",
                      "description": "The default value of the parameter.",
                      "description_kind": "plain",
                      "optional": true
                    },
                    "description": {
                      "type": "string",
                      "description": "The parameter description.",
                      "description_kind": "plain",
                      "optional": true
                    },
                    "example": {
                      "type": "string",
                      "description": "The parameter example.",
                      "description_kind": "plain",
                      "optional": true
                    },
                    "location": {
                      "type": "string",
                      "description": "Where this parameter is located.",
                      "description_kind": "plain",
                      "optional": true
                    },
                    "maximum": {
                      "type": "number",
                      "description": "The maximum value or length (string parameter) for parameter.",
                      "description_kind": "plain",
                      "optional": true
                    },
                    "minimum": {
                      "type": "number",
                      "description": "The minimum value or length (string parameter) for parameter.",
                      "description_kind": "plain",
                      "optional": true
                    },
                    "name": {
                      "type": "string",
                      "description": "The name of the request parameter.",
                      "description_kind": "plain",
                      "required": true
                    },
                    "required": {
                      "type": "bool",
                      "description": "Whether this parameter is required.",
                      "description_kind": "plain",
                      "required": true
                    },
                    "type": {
                      "type": "string",
                      "description": "The parameter type.",
                      "description_kind": "plain",
                      "optional": true
                    }
                  },
                  "description": "The configurations of the front-end parameters.",
                  "description_kind": "plain"
                },
                "max_items": 50
              },
              "web": {
                "nesting_mode": "list",
                "block": {
                  "attributes": {
                    "authorizer_id": {
                      "type": "string",
                      "description": "The ID of the backend custom authorization.",
                      "description_kind": "plain",
                      "optional": true
                    },
                    "backend_address": {
                      "type": "string",
                      "description": "The backend service address, which consists of a domain name or IP address, and a port number.",
                      "description_kind": "plain",
                      "optional": true
                    },
                    "host_header": {
                      "type": "string",
                      "description": "The proxy host header.",
                      "description_kind": "plain",
                      "optional": true
                    },
                    "path": {
                      "type": "string",
                      "description": "The backend request path.",
                      "description_kind": "plain",
                      "required": true
                    },
                    "request_method": {
                      "type": "string",
                      "description": "The backend request method of the API.",
                      "description_kind": "plain",
                      "optional": true
                    },
                    "request_protocol": {
                      "type": "string",
                      "description": "The web protocol type of the API request.",
                      "description_kind": "plain",
                      "optional": true
                    },
                    "ssl_enable": {
                      "type": "bool",
                      "description": "Whether to enable two-way authentication.",
                      "description_kind": "plain",
                      "optional": true
                    },
                    "timeout": {
                      "type": "number",
                      "description": "The timeout for API requests to backend service.",
                      "description_kind": "plain",
                      "optional": true
                    },
                    "vpc_channel_id": {
                      "type": "string",
                      "description": "The VPC channel ID.",
                      "description_kind": "plain",
                      "optional": true
                    }
                  },
                  "description": "The web backend details.",
                  "description_kind": "plain"
                },
                "max_items": 1
              },
              "web_policy": {
                "nesting_mode": "set",
                "block": {
                  "attributes": {
                    "authorizer_id": {
                      "type": "string",
                      "description": "The ID of the backend custom authorization.",
                      "description_kind": "plain",
                      "optional": true
                    },
                    "backend_address": {
                      "type": "string",
                      "description": "The backend service address",
                      "description_kind": "plain",
                      "optional": true
                    },
                    "effective_mode": {
                      "type": "string",
                      "description": "The effective mode of the backend policy.",
                      "description_kind": "plain",
                      "optional": true
                    },
                    "host_header": {
                      "type": "string",
                      "description": "The proxy host header.",
                      "description_kind": "plain",
                      "optional": true
                    },
                    "name": {
                      "type": "string",
                      "description": "The name of the web policy.",
                      "description_kind": "plain",
                      "required": true
                    },
                    "path": {
                      "type": "string",
                      "description": "The backend request address.",
                      "description_kind": "plain",
                      "required": true
                    },
                    "request_method": {
                      "type": "string",
                      "description": "The backend request method of the API.",
                      "description_kind": "plain",
                      "required": true
                    },
                    "request_protocol": {
                      "type": "string",
                      "description": "The backend request protocol.",
                      "description_kind": "plain",
                      "optional": true
                    },
                    "timeout": {
                      "type": "number",
                      "description": "The timeout for API requests to backend service.",
                      "description_kind": "plain",
                      "optional": true
                    },
                    "vpc_channel_id": {
                      "type": "string",
                      "description": "The VPC channel ID.",
                      "description_kind": "plain",
                      "optional": true
                    }
                  },
                  "block_types": {
                    "backend_params": {
                      "nesting_mode": "set",
                      "block": {
                        "attributes": {
                          "description": {
                            "type": "string",
                            "description": "The description of the parameter.",
                            "description_kind": "plain",
                            "optional": true
                          },
                          "location": {
                            "type": "string",
                            "description": "Where the parameter is located.",
                            "description_kind": "plain",
                            "required": true
                          },
                          "name": {
                            "type": "string",
                            "description": "The parameter name.",
                            "description_kind": "plain",
                            "required": true
                          },
                          "system_param_type": {
                            "type": "string",
                            "description_kind": "plain",
                            "optional": true
                          },
                          "type": {
                            "type": "string",
                            "description": "The parameter type.",
                            "description_kind": "plain",
                            "required": true
                          },
                          "value": {
                            "type": "string",
                            "description": "The value of the parameter",
                            "description_kind": "plain",
                            "required": true
                          }
                        },
                        "description": "The configuration list of the backend parameters.",
                        "description_kind": "plain"
                      }
                    },
                    "conditions": {
                      "nesting_mode": "set",
                      "block": {
                        "attributes": {
                          "param_name": {
                            "type": "string",
                            "description": "The request parameter name.",
                            "description_kind": "plain",
                            "optional": true
                          },
                          "source": {
                            "type": "string",
                            "description": "The type of the backend policy.",
                            "description_kind": "plain",
                            "optional": true
                          },
                          "type": {
                            "type": "string",
                            "description": "The condition type.",
                            "description_kind": "plain",
                            "optional": true
                          },
                          "value": {
                            "type": "string",
                            "description": "The value of the backend policy.",
                            "description_kind": "plain",
                            "required": true
                          }
                        },
                        "description": "The policy conditions.",
                        "description_kind": "plain"
                      },
                      "min_items": 1,
                      "max_items": 5
                    }
                  },
                  "description": "The web policy backends.",
                  "description_kind": "plain"
                },
                "max_items": 5
              }
            },
            "description_kind": "plain"
          }
        },
        "flexibleengine_apig_api_publishment": {
          "version": 0,
          "block": {
            "attributes": {
              "api_id": {
                "type": "string",
                "description": "The ID of the API to be published or already published.",
                "description_kind": "plain",
                "required": true
              },
              "description": {
                "type": "string",
                "description": "The description of the current publishment.",
                "description_kind": "plain",
                "optional": true
              },
              "env_id": {
                "type": "string",
                "description": "The ID of the environment to which the current version of the API will be published or has been published.",
                "description_kind": "plain",
                "required": true
              },
              "env_name": {
                "type": "string",
                "description": "The name of the environment to which the current version of the API is published.",
                "description_kind": "plain",
                "computed": true
              },
              "histories": {
                "type": [
                  "list",
                  [
                    "object",
                    {
                      "description": "string",
                      "version_id": "string"
                    }
                  ]
                ],
                "description": "All publish informations of the API.",
                "description_kind": "plain",
                "computed": true
              },
              "id": {
                "type": "string",
                "description_kind": "plain",
                "optional": true,
                "computed": true
              },
              "instance_id": {
                "type": "string",
                "description": "The ID of the dedicated instance to which the API and the environment belongs.",
                "description_kind": "plain",
                "required": true
              },
              "publish_id": {
                "type": "string",
                "description": "The publish ID of the API in current environment.",
                "description_kind": "plain",
                "computed": true
              },
              "published_at": {
                "type": "string",
                "description": "Time when the current version was published.",
                "description_kind": "plain",
                "computed": true
              },
              "region": {
                "type": "string",
                "description": "The region in which to publish API.",
                "description_kind": "plain",
                "optional": true,
                "computed": true
              },
              "version_id": {
                "type": "string",
                "description": "The version ID of the current publishment.",
                "description_kind": "plain",
                "optional": true
              }
            },
            "description_kind": "plain"
          }
        },
        "flexibleengine_apig_application": {
          "version": 0,
          "block": {
            "attributes": {
              "app_codes": {
                "type": [
                  "set",
                  "string"
                ],
                "description": "The array of one or more application codes that the application has.",
                "description_kind": "plain",
                "optional": true
              },
              "app_key": {
                "type": "string",
                "description": "The APP key.",
                "description_kind": "plain",
                "computed": true
              },
              "app_secret": {
                "type": "string",
                "description": "The APP secret.",
                "description_kind": "plain",
                "computed": true,
                "sensitive": true
              },
              "description": {
                "type": "string",
                "description": "The application description.",
                "description_kind": "plain",
                "optional": true,
                "computed": true
              },
              "id": {
                "type": "string",
                "description_kind": "plain",
                "optional": true,
                "computed": true
              },
              "instance_id": {
                "type": "string",
                "description": "The ID of the dedicated instance to which the application belongs.",
                "description_kind": "plain",
                "required": true
              },
              "name": {
                "type": "string",
                "description": "The application name.",
                "description_kind": "plain",
                "required": true
              },
              "region": {
                "type": "string",
                "description": "The region where the application is located.",
                "description_kind": "plain",
                "optional": true,
                "computed": true
              },
              "registration_time": {
                "type": "string",
                "description": "The registration time.",
                "description_kind": "plain",
                "computed": true
              },
              "secret_action": {
                "type": "string",
                "description": "The secret action to be done for the application.",
                "description_kind": "plain",
                "optional": true
              },
              "updated_at": {
                "type": "string",
                "description": "The latest update time of the application.",
                "description_kind": "plain",
                "computed": true
              }
            },
            "description_kind": "plain"
          }
        },
        "flexibleengine_apig_custom_authorizer": {
          "version": 0,
          "block": {
            "attributes": {
              "cache_age": {
                "type": "number",
                "description": "The maximum cache age.",
                "description_kind": "plain",
                "optional": true
              },
              "created_at": {
                "type": "string",
                "description": "The creation time of the custom authorizer.",
                "description_kind": "plain",
                "computed": true
              },
              "function_urn": {
                "type": "string",
                "description": "The URN of the FGS function.",
                "description_kind": "plain",
                "required": true
              },
              "id": {
                "type": "string",
                "description_kind": "plain",
                "optional": true,
                "computed": true
              },
              "instance_id": {
                "type": "string",
                "description": "The ID of the dedicated instance to which the custom authorizer belongs.",
                "description_kind": "plain",
                "required": true
              },
              "is_body_send": {
                "type": "bool",
                "description": "Whether to send the body.",
                "description_kind": "plain",
                "optional": true
              },
              "name": {
                "type": "string",
                "description": "The name of the custom authorizer.",
                "description_kind": "plain",
                "required": true
              },
              "region": {
                "type": "string",
                "description": "The region where the custom authorizer is located.",
                "description_kind": "plain",
                "optional": true,
                "computed": true
              },
              "type": {
                "type": "string",
                "description": "The custom authorization type",
                "description_kind": "plain",
                "optional": true
              },
              "user_data": {
                "type": "string",
                "description": "The user data for custom authorizer function.",
                "description_kind": "plain",
                "optional": true
              }
            },
            "block_types": {
              "identity": {
                "nesting_mode": "set",
                "block": {
                  "attributes": {
                    "location": {
                      "type": "string",
                      "description": "The parameter location.",
                      "description_kind": "plain",
                      "required": true
                    },
                    "name": {
                      "type": "string",
                      "description": "The name of the parameter to be verified.",
                      "description_kind": "plain",
                      "required": true
                    },
                    "validation": {
                      "type": "string",
                      "description": "The parameter verification expression.",
                      "description_kind": "plain",
                      "optional": true
                    }
                  },
                  "description": "The array of one or more parameter identities of the custom authorizer.",
                  "description_kind": "plain"
                }
              }
            },
            "description_kind": "plain"
          }
        },
        "flexibleengine_apig_environment": {
          "version": 0,
          "block": {
            "attributes": {
              "create_time": {
                "type": "string",
                "description": "schema: Deprecated; The time when the environment was created.",
                "description_kind": "plain",
                "deprecated": true,
                "computed": true
              },
              "created_at": {
                "type": "string",
                "description": "The time when the environment was created.",
                "description_kind": "plain",
                "computed": true
              },
              "description": {
                "type": "string",
                "description": "The environment description.",
                "description_kind": "plain",
                "optional": true
              },
              "id": {
                "type": "string",
                "description_kind": "plain",
                "optional": true,
                "computed": true
              },
              "instance_id": {
                "type": "string",
                "description": "The ID of the dedicated instance to which the environment belongs.",
                "description_kind": "plain",
                "required": true
              },
              "name": {
                "type": "string",
                "description": "The environment name.",
                "description_kind": "plain",
                "required": true
              },
              "region": {
                "type": "string",
                "description": "The region where the dedicated instance is located.",
                "description_kind": "plain",
                "optional": true,
                "computed": true
              }
            },
            "description_kind": "plain"
          }
        },
        "flexibleengine_apig_group": {
          "version": 0,
          "block": {
            "attributes": {
              "description": {
                "type": "string",
                "description": "The group description.",
                "description_kind": "plain",
                "optional": true
              },
              "id": {
                "type": "string",
                "description_kind": "plain",
                "optional": true,
                "computed": true
              },
              "instance_id": {
                "type": "string",
                "description": "The ID of the dedicated instance to which the group belongs.",
                "description_kind": "plain",
                "required": true
              },
              "name": {
                "type": "string",
                "description": "The group name.",
                "description_kind": "plain",
                "required": true
              },
              "region": {
                "type": "string",
                "description": "The region where the dedicated instance is located.",
                "description_kind": "plain",
                "optional": true,
                "computed": true
              },
              "registration_time": {
                "type": "string",
                "description": "The registration time.",
                "description_kind": "plain",
                "computed": true
              },
              "update_time": {
                "type": "string",
                "description": "schema: Deprecated; The latest update time of the group.",
                "description_kind": "plain",
                "deprecated": true,
                "computed": true
              },
              "updated_at": {
                "type": "string",
                "description": "The latest update time of the group.",
                "description_kind": "plain",
                "computed": true
              }
            },
            "block_types": {
              "environment": {
                "nesting_mode": "set",
                "block": {
                  "attributes": {
                    "environment_id": {
                      "type": "string",
                      "description": "The ID of the environment to which the variables belongs.",
                      "description_kind": "plain",
                      "required": true
                    }
                  },
                  "block_types": {
                    "variable": {
                      "nesting_mode": "set",
                      "block": {
                        "attributes": {
                          "id": {
                            "type": "string",
                            "description": "The ID of the variable that the group has.",
                            "description_kind": "plain",
                            "computed": true
                          },
                          "name": {
                            "type": "string",
                            "description": "The variable name.",
                            "description_kind": "plain",
                            "required": true
                          },
                          "value": {
                            "type": "string",
                            "description": "The variable value.",
                            "description_kind": "plain",
                            "required": true
                          },
                          "variable_id": {
                            "type": "string",
                            "description": "schema: Deprecated; The ID of the variable that the group has.",
                            "description_kind": "plain",
                            "deprecated": true,
                            "computed": true
                          }
                        },
                        "description": "The array of one or more environment variables.",
                        "description_kind": "plain"
                      },
                      "min_items": 1
                    }
                  },
                  "description": "The array of one or more environments of the associated group.",
                  "description_kind": "plain"
                }
              }
            },
            "description_kind": "plain"
          }
        },
        "flexibleengine_apig_instance": {
          "version": 0,
          "block": {
            "attributes": {
              "availability_zones": {
                "type": [
                  "list",
                  "string"
                ],
                "description": "schema: Required; The name list of availability zones for the dedicated instance.",
                "description_kind": "plain",
                "optional": true,
                "computed": true
              },
              "available_zones": {
                "type": [
                  "list",
                  "string"
                ],
                "description": "schema: Deprecated; The name list of availability zones for the dedicated instance.",
                "description_kind": "plain",
                "optional": true
              },
              "bandwidth_size": {
                "type": "number",
                "description": "The egress bandwidth size of the dedicated instance.",
                "description_kind": "plain",
                "optional": true,
                "computed": true
              },
              "create_time": {
                "type": "string",
                "description": "schema: Deprecated; Time when the dedicated instance is created.",
                "description_kind": "plain",
                "deprecated": true,
                "computed": true
              },
              "created_at": {
                "type": "string",
                "description": "Time when the dedicated instance is created, in RFC-3339 format.",
                "description_kind": "plain",
                "computed": true
              },
              "description": {
                "type": "string",
                "description": "The description of the dedicated instance.",
                "description_kind": "plain",
                "optional": true
              },
              "edition": {
                "type": "string",
                "description": "The edition of the dedicated instance.",
                "description_kind": "plain",
                "required": true
              },
              "egress_address": {
                "type": "string",
                "description": "The egress (NAT) public IP address.",
                "description_kind": "plain",
                "computed": true
              },
              "eip_id": {
                "type": "string",
                "description": "The EIP ID associated with the dedicated instance.",
                "description_kind": "plain",
                "optional": true,
                "computed": true
              },
              "enterprise_project_id": {
                "type": "string",
                "description": "The enterprise project ID to which the dedicated instance belongs.",
                "description_kind": "plain",
                "optional": true,
                "computed": true
              },
              "id": {
                "type": "string",
                "description_kind": "plain",
                "optional": true,
                "computed": true
              },
              "ingress_address": {
                "type": "string",
                "description": "The ingress EIP address.",
                "description_kind": "plain",
                "computed": true
              },
              "ipv6_enable": {
                "type": "bool",
                "description": "Whether public access with an IPv6 address is supported.",
                "description_kind": "plain",
                "optional": true,
                "computed": true
              },
              "loadbalancer_provider": {
                "type": "string",
                "description": "The type of loadbalancer provider used by the instance.",
                "description_kind": "plain",
                "optional": true,
                "computed": true
              },
              "maintain_begin": {
                "type": "string",
                "description": "The start time of the maintenance time window.",
                "description_kind": "plain",
                "optional": true,
                "computed": true
              },
              "maintain_end": {
                "type": "string",
                "description": "End time of the maintenance time window, 4-hour difference between the start time and end time.",
                "description_kind": "plain",
                "computed": true
              },
              "name": {
                "type": "string",
                "description": "The name of the dedicated instance.",
                "description_kind": "plain",
                "required": true
              },
              "region": {
                "type": "string",
                "description": "The region in which to create the dedicated instance resource.",
                "description_kind": "plain",
                "optional": true,
                "computed": true
              },
              "security_group_id": {
                "type": "string",
                "description": "The ID of the security group to which the dedicated instance belongs to.",
                "description_kind": "plain",
                "required": true
              },
              "status": {
                "type": "string",
                "description": "Status of the dedicated instance.",
                "description_kind": "plain",
                "computed": true
              },
              "subnet_id": {
                "type": "string",
                "description": "The ID of the VPC subnet used to create the dedicated instance.",
                "description_kind": "plain",
                "required": true
              },
              "supported_features": {
                "type": [
                  "list",
                  "string"
                ],
                "description": "The supported features of the dedicated instance.",
                "description_kind": "plain",
                "computed": true
              },
              "vpc_id": {
                "type": "string",
                "description": "The ID of the VPC used to create the dedicated instance.",
                "description_kind": "plain",
                "required": true
              },
              "vpc_ingress_address": {
                "type": "string",
                "description": "The ingress private IP address of the VPC.",
                "description_kind": "plain",
                "computed": true
              }
            },
            "block_types": {
              "timeouts": {
                "nesting_mode": "single",
                "block": {
                  "attributes": {
                    "create": {
                      "type": "string",
                      "description_kind": "plain",
                      "optional": true
                    },
                    "delete": {
                      "type": "string",
                      "description_kind": "plain",
                      "optional": true
                    },
                    "update": {
                      "type": "string",
                      "description_kind": "plain",
                      "optional": true
                    }
                  },
                  "description_kind": "plain"
                }
              }
            },
            "description_kind": "plain"
          }
        },
        "flexibleengine_apig_response": {
          "version": 0,
          "block": {
            "attributes": {
              "created_at": {
                "type": "string",
                "description": "The creation time of the API custom response.",
                "description_kind": "plain",
                "computed": true
              },
              "group_id": {
                "type": "string",
                "description": "The ID of the API group to which the API custom response belongs.",
                "description_kind": "plain",
                "required": true
              },
              "id": {
                "type": "string",
                "description_kind": "plain",
                "optional": true,
                "computed": true
              },
              "instance_id": {
                "type": "string",
                "description": "The ID of the dedicated instance to which the API group and the API custom response belongs.",
                "description_kind": "plain",
                "required": true
              },
              "name": {
                "type": "string",
                "description": "The name of the API custom response.",
                "description_kind": "plain",
                "required": true
              },
              "region": {
                "type": "string",
                "description": "The region where the API custom response is located.",
                "description_kind": "plain",
                "optional": true,
                "computed": true
              },
              "updated_at": {
                "type": "string",
                "description": "The latest update time of the API custom response.",
                "description_kind": "plain",
                "computed": true
              }
            },
            "block_types": {
              "rule": {
                "nesting_mode": "set",
                "block": {
                  "attributes": {
                    "body": {
                      "type": "string",
                      "description": "The body template of the API custom response rule.",
                      "description_kind": "plain",
                      "required": true
                    },
                    "error_type": {
                      "type": "string",
                      "description": "The error type of the API custom response rule.",
                      "description_kind": "plain",
                      "required": true
                    },
                    "status_code": {
                      "type": "number",
                      "description": "The HTTP status code of the API custom response rule.",
                      "description_kind": "plain",
                      "optional": true,
                      "computed": true
                    }
                  },
                  "description": "The API custom response rules definition.",
                  "description_kind": "plain"
                }
              }
            },
            "description_kind": "plain"
          }
        },
        "flexibleengine_apig_throttling_policy": {
          "version": 0,
          "block": {
            "attributes": {
              "created_at": {
                "type": "string",
                "description": "The creation time of the throttling policy.",
                "description_kind": "plain",
                "computed": true
              },
              "description": {
                "type": "string",
                "description": "The description about the API throttling policy.",
                "description_kind": "plain",
                "optional": true
              },
              "id": {
                "type": "string",
                "description_kind": "plain",
                "optional": true,
                "computed": true
              },
              "instance_id": {
                "type": "string",
                "description": "The ID of the dedicated instance to which the throttling policy belongs.",
                "description_kind": "plain",
                "required": true
              },
              "max_api_requests": {
                "type": "number",
                "description": "The maximum number of times an API can be accessed within a specified period..",
                "description_kind": "plain",
                "required": true
              },
              "max_app_requests": {
                "type": "number",
                "description": "The maximum number of times the API can be accessed by an app within the same period.",
                "description_kind": "plain",
                "optional": true
              },
              "max_ip_requests": {
                "type": "number",
                "description": "The maximum number of times the API can be accessed by an IP address within the same period.",
                "description_kind": "plain",
                "optional": true
              },
              "max_user_requests": {
                "type": "number",
                "description": "The maximum number of times the API can be accessed by a user within the same period.",
                "description_kind": "plain",
                "optional": true
              },
              "name": {
                "type": "string",
                "description": "The name of the throttling policy.",
                "description_kind": "plain",
                "required": true
              },
              "period": {
                "type": "number",
                "description": "The period of time for limiting the number of API calls.",
                "description_kind": "plain",
                "required": true
              },
              "period_unit": {
                "type": "string",
                "description": "The time unit for limiting the number of API calls.",
                "description_kind": "plain",
                "optional": true
              },
              "region": {
                "type": "string",
                "description": "The region where the throttling policy is located.",
                "description_kind": "plain",
                "optional": true,
                "computed": true
              },
              "type": {
                "type": "string",
                "description": "The type of the request throttling policy.",
                "description_kind": "plain",
                "optional": true
              }
            },
            "block_types": {
              "app_throttles": {
                "nesting_mode": "set",
                "block": {
                  "attributes": {
                    "id": {
                      "type": "string",
                      "description": "The ID of the special user/application throttling policy.",
                      "description_kind": "plain",
                      "computed": true
                    },
                    "max_api_requests": {
                      "type": "number",
                      "description": "The maximum number of times an API can be accessed within a specified period.",
                      "description_kind": "plain",
                      "required": true
                    },
                    "throttling_object_id": {
                      "type": "string",
                      "description": "The object ID which the special throttling policy belongs.",
                      "description_kind": "plain",
                      "required": true
                    },
                    "throttling_object_name": {
                      "type": "string",
                      "description": "The object name which the special user/application throttling policy belongs.",
                      "description_kind": "plain",
                      "computed": true
                    }
                  },
                  "description": "The array of one or more special throttling policies for APP limit.",
                  "description_kind": "plain"
                },
                "max_items": 30
              },
              "user_throttles": {
                "nesting_mode": "set",
                "block": {
                  "attributes": {
                    "id": {
                      "type": "string",
                      "description": "The ID of the special user/application throttling policy.",
                      "description_kind": "plain",
                      "computed": true
                    },
                    "max_api_requests": {
                      "type": "number",
                      "description": "The maximum number of times an API can be accessed within a specified period.",
                      "description_kind": "plain",
                      "required": true
                    },
                    "throttling_object_id": {
                      "type": "string",
                      "description": "The object ID which the special throttling policy belongs.",
                      "description_kind": "plain",
                      "required": true
                    },
                    "throttling_object_name": {
                      "type": "string",
                      "description": "The object name which the special user/application throttling policy belongs.",
                      "description_kind": "plain",
                      "computed": true
                    }
                  },
                  "description": "The array of one or more special throttling policies for IAM user limit.",
                  "description_kind": "plain"
                },
                "max_items": 30
              }
            },
            "description_kind": "plain"
          }
        },
        "flexibleengine_apig_throttling_policy_associate": {
          "version": 0,
          "block": {
            "attributes": {
              "id": {
                "type": "string",
                "description_kind": "plain",
                "optional": true,
                "computed": true
              },
              "instance_id": {
                "type": "string",
                "description": "The ID of the dedicated instance to which the APIs and the throttling policy belongs.",
                "description_kind": "plain",
                "required": true
              },
              "policy_id": {
                "type": "string",
                "description": "The ID of the throttling policy.",
                "description_kind": "plain",
                "required": true
              },
              "publish_ids": {
                "type": [
                  "set",
                  "string"
                ],
                "description": "The publish IDs corresponding to the APIs bound by the throttling policy.",
                "description_kind": "plain",
                "required": true
              },
              "region": {
                "type": "string",
                "description": "The region where the dedicated instance and the throttling policy are located.",
                "description_kind": "plain",
                "optional": true,
                "computed": true
              }
            },
            "description_kind": "plain"
          }
        },
        "flexibleengine_apig_vpc_channel": {
          "version": 0,
          "block": {
            "attributes": {
              "algorithm": {
                "type": "string",
                "description": "The distribution algorithm.",
                "description_kind": "plain",
                "optional": true
              },
              "created_at": {
                "type": "string",
                "description": "The time when the VPC channel was created.",
                "description_kind": "plain",
                "computed": true
              },
              "healthy_threshold": {
                "type": "number",
                "description": "The the healthy threshold, which refers to the number of consecutive successful checks required for a backend server to be considered healthy.",
                "description_kind": "plain",
                "optional": true
              },
              "http_code": {
                "type": "string",
                "description": "The response codes for determining a successful HTTP response.",
                "description_kind": "plain",
                "optional": true
              },
              "id": {
                "type": "string",
                "description_kind": "plain",
                "optional": true,
                "computed": true
              },
              "instance_id": {
                "type": "string",
                "description": "The ID of the dedicated instance to which the VPC channel belongs.",
                "description_kind": "plain",
                "required": true
              },
              "interval": {
                "type": "number",
                "description": "The interval between consecutive checks, in second.",
                "description_kind": "plain",
                "optional": true
              },
              "member_type": {
                "type": "string",
                "description": "The member type of the VPC channel.",
                "description_kind": "plain",
                "optional": true
              },
              "name": {
                "type": "string",
                "description": "The name of the VPC channel.",
                "description_kind": "plain",
                "required": true
              },
              "path": {
                "type": "string",
                "description": "The destination path for health checks.",
                "description_kind": "plain",
                "optional": true
              },
              "port": {
                "type": "number",
                "description": "The host port of the VPC channel.",
                "description_kind": "plain",
                "required": true
              },
              "protocol": {
                "type": "string",
                "description": "The rotocol for performing health checks on backend servers in the VPC channel.",
                "description_kind": "plain",
                "optional": true
              },
              "region": {
                "type": "string",
                "description": "The region where the dedicated instance is located.",
                "description_kind": "plain",
                "optional": true,
                "computed": true
              },
              "status": {
                "type": "string",
                "description": "The current status of the VPC channel.",
                "description_kind": "plain",
                "computed": true
              },
              "timeout": {
                "type": "number",
                "description": "The timeout for determining whether a health check fails, in second.",
                "description_kind": "plain",
                "optional": true
              },
              "unhealthy_threshold": {
                "type": "number",
                "description": "The unhealthy threshold, which refers to the number of consecutive failed checks required for a backend server to be considered unhealthy.",
                "description_kind": "plain",
                "optional": true
              }
            },
            "block_types": {
              "members": {
                "nesting_mode": "set",
                "block": {
                  "attributes": {
                    "id": {
                      "type": "string",
                      "description": "The ID of the backend server.",
                      "description_kind": "plain",
                      "optional": true
                    },
                    "ip_address": {
                      "type": "string",
                      "description": "The IP address of the backend server.",
                      "description_kind": "plain",
                      "optional": true
                    },
                    "weight": {
                      "type": "number",
                      "description": "The weight of current backend server.",
                      "description_kind": "plain",
                      "optional": true
                    }
                  },
                  "description": "The configuration of the backend servers that bind the VPC channel.",
                  "description_kind": "plain"
                },
                "min_items": 1,
                "max_items": 10
              }
            },
            "description_kind": "plain"
          }
        },
        "flexibleengine_as_configuration_v1": {
          "version": 0,
          "block": {
            "attributes": {
              "id": {
                "type": "string",
                "description_kind": "plain",
                "optional": true,
                "computed": true
              },
              "region": {
                "type": "string",
                "description_kind": "plain",
                "optional": true,
                "computed": true
              },
              "scaling_configuration_name": {
                "type": "string",
                "description_kind": "plain",
                "required": true
              }
            },
            "block_types": {
              "instance_config": {
                "nesting_mode": "list",
                "block": {
                  "attributes": {
                    "flavor": {
                      "type": "string",
                      "description_kind": "plain",
                      "optional": true
                    },
                    "image": {
                      "type": "string",
                      "description_kind": "plain",
                      "optional": true
                    },
                    "instance_id": {
                      "type": "string",
                      "description_kind": "plain",
                      "optional": true
                    },
                    "key_name": {
                      "type": "string",
                      "description_kind": "plain",
                      "required": true
                    },
                    "metadata": {
                      "type": [
                        "map",
                        "string"
                      ],
                      "description_kind": "plain",
                      "optional": true
                    },
                    "user_data": {
                      "type": "string",
                      "description_kind": "plain",
                      "optional": true
                    }
                  },
                  "block_types": {
                    "disk": {
                      "nesting_mode": "list",
                      "block": {
                        "attributes": {
                          "disk_type": {
                            "type": "string",
                            "description_kind": "plain",
                            "required": true
                          },
                          "size": {
                            "type": "number",
                            "description_kind": "plain",
                            "required": true
                          },
                          "volume_type": {
                            "type": "string",
                            "description_kind": "plain",
                            "required": true
                          }
                        },
                        "description_kind": "plain"
                      }
                    },
                    "personality": {
                      "nesting_mode": "list",
                      "block": {
                        "attributes": {
                          "content": {
                            "type": "string",
                            "description_kind": "plain",
                            "required": true
                          },
                          "path": {
                            "type": "string",
                            "description_kind": "plain",
                            "required": true
                          }
                        },
                        "description_kind": "plain"
                      },
                      "max_items": 5
                    },
                    "public_ip": {
                      "nesting_mode": "list",
                      "block": {
                        "block_types": {
                          "eip": {
                            "nesting_mode": "list",
                            "block": {
                              "attributes": {
                                "ip_type": {
                                  "type": "string",
                                  "description_kind": "plain",
                                  "required": true
                                }
                              },
                              "block_types": {
                                "bandwidth": {
                                  "nesting_mode": "list",
                                  "block": {
                                    "attributes": {
                                      "charging_mode": {
                                        "type": "string",
                                        "description_kind": "plain",
                                        "required": true
                                      },
                                      "share_type": {
                                        "type": "string",
                                        "description_kind": "plain",
                                        "required": true
                                      },
                                      "size": {
                                        "type": "number",
                                        "description_kind": "plain",
                                        "required": true
                                      }
                                    },
                                    "description_kind": "plain"
                                  },
                                  "min_items": 1,
                                  "max_items": 1
                                }
                              },
                              "description_kind": "plain"
                            },
                            "min_items": 1,
                            "max_items": 1
                          }
                        },
                        "description_kind": "plain"
                      },
                      "max_items": 1
                    }
                  },
                  "description_kind": "plain"
                },
                "min_items": 1,
                "max_items": 1
              }
            },
            "description_kind": "plain"
          }
        },
        "flexibleengine_as_group_v1": {
          "version": 0,
          "block": {
            "attributes": {
              "available_zones": {
                "type": [
                  "list",
                  "string"
                ],
                "description_kind": "plain",
                "optional": true
              },
              "cool_down_time": {
                "type": "number",
                "description": "The cooling duration, in seconds.",
                "description_kind": "plain",
                "optional": true
              },
              "current_instance_number": {
                "type": "number",
                "description_kind": "plain",
                "computed": true
              },
              "delete_instances": {
                "type": "string",
                "description": "Whether to delete instances when they are removed from the AS group.",
                "description_kind": "plain",
                "optional": true
              },
              "delete_publicip": {
                "type": "bool",
                "description_kind": "plain",
                "optional": true
              },
              "desire_instance_number": {
                "type": "number",
                "description_kind": "plain",
                "optional": true
              },
              "force_delete": {
                "type": "bool",
                "description_kind": "plain",
                "optional": true
              },
              "health_periodic_audit_method": {
                "type": "string",
                "description_kind": "plain",
                "optional": true
              },
              "health_periodic_audit_time": {
                "type": "number",
                "description": "The health check period for instances, in minutes.",
                "description_kind": "plain",
                "optional": true
              },
              "id": {
                "type": "string",
                "description_kind": "plain",
                "optional": true,
                "computed": true
              },
              "instance_terminate_policy": {
                "type": "string",
                "description_kind": "plain",
                "optional": true
              },
              "instances": {
                "type": [
                  "list",
                  "string"
                ],
                "description": "The instances id list in the as group.",
                "description_kind": "plain",
                "computed": true
              },
              "lb_listener_id": {
                "type": "string",
                "description": "The system supports the binding of up to six ELB listeners, the IDs of which are separated using a comma.",
                "description_kind": "plain",
                "optional": true
              },
              "max_instance_number": {
                "type": "number",
                "description_kind": "plain",
                "optional": true
              },
              "min_instance_number": {
                "type": "number",
                "description_kind": "plain",
                "optional": true
              },
              "notifications": {
                "type": [
                  "list",
                  "string"
                ],
                "description_kind": "plain",
                "optional": true
              },
              "region": {
                "type": "string",
                "description_kind": "plain",
                "optional": true,
                "computed": true
              },
              "scaling_configuration_id": {
                "type": "string",
                "description_kind": "plain",
                "optional": true,
                "computed": true
              },
              "scaling_group_name": {
                "type": "string",
                "description_kind": "plain",
                "required": true
              },
              "status": {
                "type": "string",
                "description_kind": "plain",
                "computed": true
              },
              "tags": {
                "type": [
                  "map",
                  "string"
                ],
                "description_kind": "plain",
                "optional": true
              },
              "vpc_id": {
                "type": "string",
                "description_kind": "plain",
                "required": true
              }
            },
            "block_types": {
              "lbaas_listeners": {
                "nesting_mode": "list",
                "block": {
                  "attributes": {
                    "pool_id": {
                      "type": "string",
                      "description_kind": "plain",
                      "required": true
                    },
                    "protocol_port": {
                      "type": "number",
                      "description_kind": "plain",
                      "required": true
                    },
                    "weight": {
                      "type": "number",
                      "description_kind": "plain",
                      "optional": true
                    }
                  },
                  "description_kind": "plain"
                }
              },
              "networks": {
                "nesting_mode": "list",
                "block": {
                  "attributes": {
                    "id": {
                      "type": "string",
                      "description_kind": "plain",
                      "required": true
                    }
                  },
                  "description_kind": "plain"
                },
                "min_items": 1,
                "max_items": 5
              },
              "security_groups": {
                "nesting_mode": "list",
                "block": {
                  "attributes": {
                    "id": {
                      "type": "string",
                      "description_kind": "plain",
                      "required": true
                    }
                  },
                  "description_kind": "plain"
                },
                "min_items": 1
              },
              "timeouts": {
                "nesting_mode": "single",
                "block": {
                  "attributes": {
                    "create": {
                      "type": "string",
                      "description_kind": "plain",
                      "optional": true
                    },
                    "delete": {
                      "type": "string",
                      "description_kind": "plain",
                      "optional": true
                    }
                  },
                  "description_kind": "plain"
                }
              }
            },
            "description_kind": "plain"
          }
        },
        "flexibleengine_as_lifecycle_hook_v1": {
          "version": 0,
          "block": {
            "attributes": {
              "create_time": {
                "type": "string",
                "description_kind": "plain",
                "computed": true
              },
              "default_result": {
                "type": "string",
                "description_kind": "plain",
                "optional": true
              },
              "id": {
                "type": "string",
                "description_kind": "plain",
                "optional": true,
                "computed": true
              },
              "name": {
                "type": "string",
                "description_kind": "plain",
                "required": true
              },
              "notification_message": {
                "type": "string",
                "description_kind": "plain",
                "optional": true
              },
              "notification_topic_name": {
                "type": "string",
                "description_kind": "plain",
                "computed": true
              },
              "notification_topic_urn": {
                "type": "string",
                "description_kind": "plain",
                "required": true
              },
              "region": {
                "type": "string",
                "description_kind": "plain",
                "optional": true,
                "computed": true
              },
              "scaling_group_id": {
                "type": "string",
                "description_kind": "plain",
                "required": true
              },
              "timeout": {
                "type": "number",
                "description_kind": "plain",
                "optional": true
              },
              "type": {
                "type": "string",
                "description_kind": "plain",
                "required": true
              }
            },
            "description_kind": "plain"
          }
        },
        "flexibleengine_as_policy_v1": {
          "version": 0,
          "block": {
            "attributes": {
              "alarm_id": {
                "type": "string",
                "description_kind": "plain",
                "optional": true
              },
              "cool_down_time": {
                "type": "number",
                "description_kind": "plain",
                "optional": true
              },
              "id": {
                "type": "string",
                "description_kind": "plain",
                "optional": true,
                "computed": true
              },
              "region": {
                "type": "string",
                "description_kind": "plain",
                "optional": true,
                "computed": true
              },
              "scaling_group_id": {
                "type": "string",
                "description_kind": "plain",
                "required": true
              },
              "scaling_policy_name": {
                "type": "string",
                "description_kind": "plain",
                "required": true
              },
              "scaling_policy_type": {
                "type": "string",
                "description_kind": "plain",
                "required": true
              }
            },
            "block_types": {
              "scaling_policy_action": {
                "nesting_mode": "list",
                "block": {
                  "attributes": {
                    "instance_number": {
                      "type": "number",
                      "description_kind": "plain",
                      "optional": true
                    },
                    "operation": {
                      "type": "string",
                      "description_kind": "plain",
                      "optional": true
                    }
                  },
                  "description_kind": "plain"
                },
                "max_items": 1
              },
              "scheduled_policy": {
                "nesting_mode": "list",
                "block": {
                  "attributes": {
                    "end_time": {
                      "type": "string",
                      "description_kind": "plain",
                      "optional": true
                    },
                    "launch_time": {
                      "type": "string",
                      "description_kind": "plain",
                      "required": true
                    },
                    "recurrence_type": {
                      "type": "string",
                      "description_kind": "plain",
                      "optional": true
                    },
                    "recurrence_value": {
                      "type": "string",
                      "description_kind": "plain",
                      "optional": true
                    },
                    "start_time": {
                      "type": "string",
                      "description_kind": "plain",
                      "optional": true
                    }
                  },
                  "description_kind": "plain"
                },
                "max_items": 1
              }
            },
            "description_kind": "plain"
          }
        },
        "flexibleengine_blockstorage_volume_v2": {
          "version": 0,
          "block": {
            "attributes": {
              "attachment": {
                "type": [
                  "set",
                  [
                    "object",
                    {
                      "device": "string",
                      "id": "string",
                      "instance_id": "string"
                    }
                  ]
                ],
                "description_kind": "plain",
                "computed": true
              },
              "availability_zone": {
                "type": "string",
                "description_kind": "plain",
                "optional": true,
                "computed": true
              },
              "cascade": {
                "type": "bool",
                "description_kind": "plain",
                "optional": true
              },
              "consistency_group_id": {
                "type": "string",
                "description_kind": "plain",
                "optional": true
              },
              "description": {
                "type": "string",
                "description_kind": "plain",
                "optional": true
              },
              "id": {
                "type": "string",
                "description_kind": "plain",
                "optional": true,
                "computed": true
              },
              "image_id": {
                "type": "string",
                "description_kind": "plain",
                "optional": true
              },
              "metadata": {
                "type": [
                  "map",
                  "string"
                ],
                "description_kind": "plain",
                "optional": true,
                "computed": true
              },
              "multiattach": {
                "type": "bool",
                "description_kind": "plain",
                "optional": true
              },
              "name": {
                "type": "string",
                "description_kind": "plain",
                "optional": true
              },
              "region": {
                "type": "string",
                "description_kind": "plain",
                "optional": true,
                "computed": true
              },
              "size": {
                "type": "number",
                "description_kind": "plain",
                "required": true
              },
              "snapshot_id": {
                "type": "string",
                "description_kind": "plain",
                "optional": true
              },
              "source_replica": {
                "type": "string",
                "description_kind": "plain",
                "optional": true
              },
              "source_vol_id": {
                "type": "string",
                "description_kind": "plain",
                "optional": true
              },
              "tags": {
                "type": [
                  "map",
                  "string"
                ],
                "description_kind": "plain",
                "optional": true
              },
              "volume_type": {
                "type": "string",
                "description_kind": "plain",
                "optional": true,
                "computed": true
              }
            },
            "block_types": {
              "timeouts": {
                "nesting_mode": "single",
                "block": {
                  "attributes": {
                    "create": {
                      "type": "string",
                      "description_kind": "plain",
                      "optional": true
                    },
                    "delete": {
                      "type": "string",
                      "description_kind": "plain",
                      "optional": true
                    }
                  },
                  "description_kind": "plain"
                }
              }
            },
            "description_kind": "plain"
          }
        },
        "flexibleengine_cbr_policy": {
          "version": 0,
          "block": {
            "attributes": {
              "backup_quantity": {
                "type": "number",
                "description_kind": "plain",
                "optional": true
              },
              "destination_project_id": {
                "type": "string",
                "description_kind": "plain",
                "optional": true
              },
              "destination_region": {
                "type": "string",
                "description_kind": "plain",
                "optional": true
              },
              "enabled": {
                "type": "bool",
                "description_kind": "plain",
                "optional": true
              },
              "id": {
                "type": "string",
                "description_kind": "plain",
                "optional": true,
                "computed": true
              },
              "name": {
                "type": "string",
                "description_kind": "plain",
                "required": true
              },
              "region": {
                "type": "string",
                "description_kind": "plain",
                "optional": true,
                "computed": true
              },
              "time_period": {
                "type": "number",
                "description_kind": "plain",
                "optional": true
              },
              "time_zone": {
                "type": "string",
                "description_kind": "plain",
                "optional": true,
                "computed": true
              },
              "type": {
                "type": "string",
                "description_kind": "plain",
                "required": true
              }
            },
            "block_types": {
              "backup_cycle": {
                "nesting_mode": "list",
                "block": {
                  "attributes": {
                    "days": {
                      "type": "string",
                      "description_kind": "plain",
                      "optional": true
                    },
                    "execution_times": {
                      "type": [
                        "list",
                        "string"
                      ],
                      "description_kind": "plain",
                      "required": true
                    },
                    "interval": {
                      "type": "number",
                      "description_kind": "plain",
                      "optional": true
                    }
                  },
                  "description_kind": "plain"
                },
                "min_items": 1,
                "max_items": 1
              },
              "long_term_retention": {
                "nesting_mode": "list",
                "block": {
                  "attributes": {
                    "daily": {
                      "type": "number",
                      "description_kind": "plain",
                      "optional": true
                    },
                    "monthly": {
                      "type": "number",
                      "description_kind": "plain",
                      "optional": true
                    },
                    "weekly": {
                      "type": "number",
                      "description_kind": "plain",
                      "optional": true
                    },
                    "yearly": {
                      "type": "number",
                      "description_kind": "plain",
                      "optional": true
                    }
                  },
                  "description_kind": "plain"
                },
                "max_items": 1
              }
            },
            "description_kind": "plain"
          }
        },
        "flexibleengine_cbr_vault": {
          "version": 0,
          "block": {
            "attributes": {
              "allocated": {
                "type": "number",
                "description_kind": "plain",
                "computed": true
              },
              "auto_bind": {
                "type": "bool",
                "description_kind": "plain",
                "optional": true,
                "computed": true
              },
              "auto_expand": {
                "type": "bool",
                "description_kind": "plain",
                "optional": true,
                "computed": true
              },
              "auto_pay": {
                "type": "string",
                "description_kind": "plain",
                "optional": true
              },
              "auto_renew": {
                "type": "string",
                "description_kind": "plain",
                "optional": true
              },
              "bind_rules": {
                "type": [
                  "map",
                  "string"
                ],
                "description_kind": "plain",
                "optional": true
              },
              "charging_mode": {
                "type": "string",
                "description_kind": "plain",
                "optional": true,
                "computed": true
              },
              "consistent_level": {
                "type": "string",
                "description_kind": "plain",
                "optional": true
              },
              "enterprise_project_id": {
                "type": "string",
                "description_kind": "plain",
                "optional": true,
                "computed": true
              },
              "id": {
                "type": "string",
                "description_kind": "plain",
                "optional": true,
                "computed": true
              },
              "name": {
                "type": "string",
                "description_kind": "plain",
                "required": true
              },
              "period": {
                "type": "number",
                "description_kind": "plain",
                "optional": true
              },
              "period_unit": {
                "type": "string",
                "description_kind": "plain",
                "optional": true
              },
              "policy_id": {
                "type": "string",
                "description_kind": "plain",
                "optional": true
              },
              "protection_type": {
                "type": "string",
                "description_kind": "plain",
                "required": true
              },
              "region": {
                "type": "string",
                "description_kind": "plain",
                "optional": true,
                "computed": true
              },
              "size": {
                "type": "number",
                "description_kind": "plain",
                "required": true
              },
              "spec_code": {
                "type": "string",
                "description_kind": "plain",
                "computed": true
              },
              "status": {
                "type": "string",
                "description_kind": "plain",
                "computed": true
              },
              "storage": {
                "type": "string",
                "description_kind": "plain",
                "computed": true
              },
              "tags": {
                "type": [
                  "map",
                  "string"
                ],
                "description_kind": "plain",
                "optional": true
              },
              "type": {
                "type": "string",
                "description_kind": "plain",
                "required": true
              },
              "used": {
                "type": "number",
                "description_kind": "plain",
                "computed": true
              }
            },
            "block_types": {
              "resources": {
                "nesting_mode": "set",
                "block": {
                  "attributes": {
                    "excludes": {
                      "type": [
                        "set",
                        "string"
                      ],
                      "description_kind": "plain",
                      "optional": true,
                      "computed": true
                    },
                    "includes": {
                      "type": [
                        "set",
                        "string"
                      ],
                      "description_kind": "plain",
                      "optional": true,
                      "computed": true
                    },
                    "server_id": {
                      "type": "string",
                      "description_kind": "plain",
                      "optional": true
                    }
                  },
                  "description_kind": "plain"
                }
              },
              "timeouts": {
                "nesting_mode": "single",
                "block": {
                  "attributes": {
                    "create": {
                      "type": "string",
                      "description_kind": "plain",
                      "optional": true
                    },
                    "delete": {
                      "type": "string",
                      "description_kind": "plain",
                      "optional": true
                    }
                  },
                  "description_kind": "plain"
                }
              }
            },
            "description_kind": "plain"
          }
        },
        "flexibleengine_cce_addon_v3": {
          "version": 0,
          "block": {
            "attributes": {
              "cluster_id": {
                "type": "string",
                "description_kind": "plain",
                "required": true
              },
              "description": {
                "type": "string",
                "description_kind": "plain",
                "computed": true
              },
              "id": {
                "type": "string",
                "description_kind": "plain",
                "optional": true,
                "computed": true
              },
              "region": {
                "type": "string",
                "description_kind": "plain",
                "optional": true,
                "computed": true
              },
              "status": {
                "type": "string",
                "description_kind": "plain",
                "computed": true
              },
              "template_name": {
                "type": "string",
                "description_kind": "plain",
                "required": true
              },
              "version": {
                "type": "string",
                "description_kind": "plain",
                "required": true
              }
            },
            "block_types": {
              "timeouts": {
                "nesting_mode": "single",
                "block": {
                  "attributes": {
                    "create": {
                      "type": "string",
                      "description_kind": "plain",
                      "optional": true
                    },
                    "delete": {
                      "type": "string",
                      "description_kind": "plain",
                      "optional": true
                    }
                  },
                  "description_kind": "plain"
                }
              },
              "values": {
                "nesting_mode": "list",
                "block": {
                  "attributes": {
                    "basic": {
                      "type": "string",
                      "description_kind": "plain",
                      "required": true
                    },
                    "custom": {
                      "type": "string",
                      "description_kind": "plain",
                      "optional": true
                    },
                    "flavor": {
                      "type": "string",
                      "description_kind": "plain",
                      "optional": true
                    }
                  },
                  "description_kind": "plain"
                },
                "max_items": 1
              }
            },
            "description_kind": "plain"
          }
        },
        "flexibleengine_cce_cluster_v3": {
          "version": 0,
          "block": {
            "attributes": {
              "annotations": {
                "type": [
                  "map",
                  "string"
                ],
                "description_kind": "plain",
                "optional": true
              },
              "authenticating_proxy_ca": {
                "type": "string",
                "description_kind": "plain",
                "optional": true
              },
              "authentication_mode": {
                "type": "string",
                "description_kind": "plain",
                "optional": true
              },
              "billing_mode": {
                "type": "number",
                "description_kind": "plain",
                "optional": true,
                "computed": true
              },
              "certificate_clusters": {
                "type": [
                  "list",
                  [
                    "object",
                    {
                      "certificate_authority_data": "string",
                      "name": "string",
                      "server": "string"
                    }
                  ]
                ],
                "description_kind": "plain",
                "computed": true
              },
              "certificate_users": {
                "type": [
                  "list",
                  [
                    "object",
                    {
                      "client_certificate_data": "string",
                      "client_key_data": "string",
                      "name": "string"
                    }
                  ]
                ],
                "description_kind": "plain",
                "computed": true
              },
              "cluster_type": {
                "type": "string",
                "description_kind": "plain",
                "required": true
              },
              "cluster_version": {
                "type": "string",
                "description_kind": "plain",
                "optional": true,
                "computed": true
              },
              "container_network_cidr": {
                "type": "string",
                "description_kind": "plain",
                "optional": true,
                "computed": true
              },
              "container_network_type": {
                "type": "string",
                "description_kind": "plain",
                "required": true
              },
              "description": {
                "type": "string",
                "description_kind": "plain",
                "optional": true,
                "computed": true
              },
              "eip": {
                "type": "string",
                "description_kind": "plain",
                "optional": true
              },
              "extend_param": {
                "type": [
                  "map",
                  "string"
                ],
                "description_kind": "plain",
                "optional": true
              },
              "external_apig_endpoint": {
                "type": "string",
                "description_kind": "plain",
                "computed": true
              },
              "external_endpoint": {
                "type": "string",
                "description_kind": "plain",
                "computed": true
              },
              "flavor_id": {
                "type": "string",
                "description_kind": "plain",
                "required": true
              },
              "highway_subnet_id": {
                "type": "string",
                "description_kind": "plain",
                "optional": true,
                "computed": true
              },
              "id": {
                "type": "string",
                "description_kind": "plain",
                "optional": true,
                "computed": true
              },
              "internal_endpoint": {
                "type": "string",
                "description_kind": "plain",
                "computed": true
              },
              "kube_proxy_mode": {
                "type": "string",
                "description_kind": "plain",
                "optional": true
              },
              "labels": {
                "type": [
                  "map",
                  "string"
                ],
                "description_kind": "plain",
                "optional": true
              },
              "name": {
                "type": "string",
                "description_kind": "plain",
                "required": true
              },
              "region": {
                "type": "string",
                "description_kind": "plain",
                "optional": true,
                "computed": true
              },
              "security_group_id": {
                "type": "string",
                "description_kind": "plain",
                "computed": true
              },
              "service_network_cidr": {
                "type": "string",
                "description_kind": "plain",
                "optional": true,
                "computed": true
              },
              "status": {
                "type": "string",
                "description_kind": "plain",
                "computed": true
              },
              "subnet_id": {
                "type": "string",
                "description_kind": "plain",
                "required": true
              },
              "vpc_id": {
                "type": "string",
                "description_kind": "plain",
                "required": true
              }
            },
            "block_types": {
              "masters": {
                "nesting_mode": "list",
                "block": {
                  "attributes": {
                    "availability_zone": {
                      "type": "string",
                      "description_kind": "plain",
                      "optional": true,
                      "computed": true
                    }
                  },
                  "description_kind": "plain"
                },
                "max_items": 3
              },
              "timeouts": {
                "nesting_mode": "single",
                "block": {
                  "attributes": {
                    "create": {
                      "type": "string",
                      "description_kind": "plain",
                      "optional": true
                    },
                    "delete": {
                      "type": "string",
                      "description_kind": "plain",
                      "optional": true
                    }
                  },
                  "description_kind": "plain"
                }
              }
            },
            "description_kind": "plain"
          }
        },
        "flexibleengine_cce_namespace": {
          "version": 0,
          "block": {
            "attributes": {
              "annotations": {
                "type": [
                  "map",
                  "string"
                ],
                "description_kind": "plain",
                "optional": true,
                "computed": true
              },
              "cluster_id": {
                "type": "string",
                "description_kind": "plain",
                "required": true
              },
              "creation_timestamp": {
                "type": "string",
                "description_kind": "plain",
                "computed": true
              },
              "id": {
                "type": "string",
                "description_kind": "plain",
                "optional": true,
                "computed": true
              },
              "labels": {
                "type": [
                  "map",
                  "string"
                ],
                "description_kind": "plain",
                "optional": true,
                "computed": true
              },
              "name": {
                "type": "string",
                "description_kind": "plain",
                "optional": true,
                "computed": true
              },
              "prefix": {
                "type": "string",
                "description_kind": "plain",
                "optional": true
              },
              "region": {
                "type": "string",
                "description_kind": "plain",
                "optional": true,
                "computed": true
              },
              "status": {
                "type": "string",
                "description_kind": "plain",
                "computed": true
              }
            },
            "block_types": {
              "timeouts": {
                "nesting_mode": "single",
                "block": {
                  "attributes": {
                    "delete": {
                      "type": "string",
                      "description_kind": "plain",
                      "optional": true
                    }
                  },
                  "description_kind": "plain"
                }
              }
            },
            "description_kind": "plain"
          }
        },
        "flexibleengine_cce_node_pool_v3": {
          "version": 0,
          "block": {
            "attributes": {
              "availability_zone": {
                "type": "string",
                "description_kind": "plain",
                "optional": true
              },
              "billing_mode": {
                "type": "number",
                "description_kind": "plain",
                "computed": true
              },
              "cluster_id": {
                "type": "string",
                "description_kind": "plain",
                "required": true
              },
              "ecs_group_id": {
                "type": "string",
                "description_kind": "plain",
                "optional": true
              },
              "extend_param": {
                "type": [
                  "map",
                  "string"
                ],
                "description_kind": "plain",
                "optional": true
              },
              "flavor_id": {
                "type": "string",
                "description_kind": "plain",
                "required": true
              },
              "id": {
                "type": "string",
                "description_kind": "plain",
                "optional": true,
                "computed": true
              },
              "initial_node_count": {
                "type": "number",
                "description_kind": "plain",
                "required": true
              },
              "key_pair": {
                "type": "string",
                "description_kind": "plain",
                "optional": true
              },
              "labels": {
                "type": [
                  "map",
                  "string"
                ],
                "description_kind": "plain",
                "optional": true
              },
              "max_node_count": {
                "type": "number",
                "description_kind": "plain",
                "optional": true
              },
              "max_pods": {
                "type": "number",
                "description_kind": "plain",
                "optional": true
              },
              "min_node_count": {
                "type": "number",
                "description_kind": "plain",
                "optional": true
              },
              "name": {
                "type": "string",
                "description_kind": "plain",
                "required": true
              },
              "os": {
                "type": "string",
                "description_kind": "plain",
                "optional": true,
                "computed": true
              },
              "password": {
                "type": "string",
                "description_kind": "plain",
                "optional": true,
                "sensitive": true
              },
              "postinstall": {
                "type": "string",
                "description_kind": "plain",
                "optional": true
              },
              "preinstall": {
                "type": "string",
                "description_kind": "plain",
                "optional": true
              },
              "priority": {
                "type": "number",
                "description_kind": "plain",
                "optional": true
              },
              "region": {
                "type": "string",
                "description_kind": "plain",
                "optional": true,
                "computed": true
              },
              "scale_down_cooldown_time": {
                "type": "number",
                "description_kind": "plain",
                "optional": true
              },
              "scale_enable": {
                "type": "bool",
                "description_kind": "plain",
                "optional": true,
                "computed": true
              },
              "scall_enable": {
                "type": "bool",
                "description_kind": "plain",
                "optional": true,
                "computed": true
              },
              "status": {
                "type": "string",
                "description_kind": "plain",
                "computed": true
              },
              "subnet_id": {
                "type": "string",
                "description_kind": "plain",
                "optional": true
              },
              "tags": {
                "type": [
                  "map",
                  "string"
                ],
                "description_kind": "plain",
                "optional": true
              },
              "type": {
                "type": "string",
                "description_kind": "plain",
                "optional": true
              }
            },
            "block_types": {
              "data_volumes": {
                "nesting_mode": "list",
                "block": {
                  "attributes": {
                    "extend_params": {
                      "type": [
                        "map",
                        "string"
                      ],
                      "description_kind": "plain",
                      "optional": true
                    },
                    "kms_key_id": {
                      "type": "string",
                      "description_kind": "plain",
                      "optional": true
                    },
                    "size": {
                      "type": "number",
                      "description_kind": "plain",
                      "required": true
                    },
                    "volumetype": {
                      "type": "string",
                      "description_kind": "plain",
                      "required": true
                    }
                  },
                  "description_kind": "plain"
                },
                "min_items": 1
              },
              "root_volume": {
                "nesting_mode": "list",
                "block": {
                  "attributes": {
                    "extend_params": {
                      "type": [
                        "map",
                        "string"
                      ],
                      "description_kind": "plain",
                      "optional": true
                    },
                    "size": {
                      "type": "number",
                      "description_kind": "plain",
                      "required": true
                    },
                    "volumetype": {
                      "type": "string",
                      "description_kind": "plain",
                      "required": true
                    }
                  },
                  "description_kind": "plain"
                },
                "min_items": 1,
                "max_items": 1
              },
              "taints": {
                "nesting_mode": "list",
                "block": {
                  "attributes": {
                    "effect": {
                      "type": "string",
                      "description_kind": "plain",
                      "required": true
                    },
                    "key": {
                      "type": "string",
                      "description_kind": "plain",
                      "required": true
                    },
                    "value": {
                      "type": "string",
                      "description_kind": "plain",
                      "required": true
                    }
                  },
                  "description_kind": "plain"
                }
              },
              "timeouts": {
                "nesting_mode": "single",
                "block": {
                  "attributes": {
                    "create": {
                      "type": "string",
                      "description_kind": "plain",
                      "optional": true
                    },
                    "delete": {
                      "type": "string",
                      "description_kind": "plain",
                      "optional": true
                    }
                  },
                  "description_kind": "plain"
                }
              }
            },
            "description_kind": "plain"
          }
        },
        "flexibleengine_cce_node_v3": {
          "version": 0,
          "block": {
            "attributes": {
              "annotations": {
                "type": [
                  "map",
                  "string"
                ],
                "description_kind": "plain",
                "optional": true
              },
              "availability_zone": {
                "type": "string",
                "description_kind": "plain",
                "required": true
              },
              "bandwidth_charge_mode": {
                "type": "string",
                "description_kind": "plain",
                "optional": true,
                "computed": true
              },
              "bandwidth_size": {
                "type": "number",
                "description_kind": "plain",
                "optional": true,
                "computed": true
              },
              "billing_mode": {
                "type": "number",
                "description_kind": "plain",
                "deprecated": true,
                "optional": true
              },
              "cluster_id": {
                "type": "string",
                "description_kind": "plain",
                "required": true
              },
              "ecs_group_id": {
                "type": "string",
                "description_kind": "plain",
                "optional": true,
                "computed": true
              },
              "ecs_performance_type": {
                "type": "string",
                "description_kind": "plain",
                "optional": true,
                "computed": true
              },
              "eip_count": {
                "type": "number",
                "description_kind": "plain",
                "optional": true,
                "computed": true
              },
              "eip_ids": {
                "type": [
                  "set",
                  "string"
                ],
                "description_kind": "plain",
                "optional": true,
                "computed": true
              },
              "extend_param": {
                "type": [
                  "map",
                  "string"
                ],
                "description_kind": "plain",
                "optional": true
              },
              "extend_param_charging_mode": {
                "type": "number",
                "description_kind": "plain",
                "deprecated": true,
                "optional": true
              },
              "flavor_id": {
                "type": "string",
                "description_kind": "plain",
                "required": true
              },
              "id": {
                "type": "string",
                "description_kind": "plain",
                "optional": true,
                "computed": true
              },
              "iptype": {
                "type": "string",
                "description_kind": "plain",
                "optional": true,
                "computed": true
              },
              "key_pair": {
                "type": "string",
                "description_kind": "plain",
                "required": true
              },
              "labels": {
                "type": [
                  "map",
                  "string"
                ],
                "description_kind": "plain",
                "optional": true
              },
              "max_pods": {
                "type": "number",
                "description_kind": "plain",
                "optional": true,
                "computed": true
              },
              "name": {
                "type": "string",
                "description_kind": "plain",
                "optional": true,
                "computed": true
              },
              "order_id": {
                "type": "string",
                "description_kind": "plain",
                "deprecated": true,
                "optional": true
              },
              "os": {
                "type": "string",
                "description_kind": "plain",
                "optional": true,
                "computed": true
              },
              "postinstall": {
                "type": "string",
                "description_kind": "plain",
                "optional": true
              },
              "preinstall": {
                "type": "string",
                "description_kind": "plain",
                "optional": true
              },
              "private_ip": {
                "type": "string",
                "description_kind": "plain",
                "computed": true
              },
              "product_id": {
                "type": "string",
                "description_kind": "plain",
                "optional": true,
                "computed": true
              },
              "public_ip": {
                "type": "string",
                "description_kind": "plain",
                "computed": true
              },
              "public_key": {
                "type": "string",
                "description_kind": "plain",
                "optional": true,
                "computed": true
              },
              "region": {
                "type": "string",
                "description_kind": "plain",
                "optional": true,
                "computed": true
              },
              "server_id": {
                "type": "string",
                "description_kind": "plain",
                "computed": true
              },
              "sharetype": {
                "type": "string",
                "description_kind": "plain",
                "optional": true,
                "computed": true
              },
              "status": {
                "type": "string",
                "description_kind": "plain",
                "computed": true
              },
              "subnet_id": {
                "type": "string",
                "description_kind": "plain",
                "optional": true,
                "computed": true
              },
              "tags": {
                "type": [
                  "map",
                  "string"
                ],
                "description_kind": "plain",
                "optional": true
              }
            },
            "block_types": {
              "data_volumes": {
                "nesting_mode": "list",
                "block": {
                  "attributes": {
                    "extend_params": {
                      "type": [
                        "map",
                        "string"
                      ],
                      "description_kind": "plain",
                      "optional": true
                    },
                    "kms_key_id": {
                      "type": "string",
                      "description_kind": "plain",
                      "optional": true
                    },
                    "size": {
                      "type": "number",
                      "description_kind": "plain",
                      "required": true
                    },
                    "volumetype": {
                      "type": "string",
                      "description_kind": "plain",
                      "required": true
                    }
                  },
                  "description_kind": "plain"
                },
                "min_items": 1
              },
              "root_volume": {
                "nesting_mode": "list",
                "block": {
                  "attributes": {
                    "extend_params": {
                      "type": [
                        "map",
                        "string"
                      ],
                      "description_kind": "plain",
                      "optional": true
                    },
                    "size": {
                      "type": "number",
                      "description_kind": "plain",
                      "required": true
                    },
                    "volumetype": {
                      "type": "string",
                      "description_kind": "plain",
                      "required": true
                    }
                  },
                  "description_kind": "plain"
                },
                "min_items": 1,
                "max_items": 1
              },
              "taints": {
                "nesting_mode": "list",
                "block": {
                  "attributes": {
                    "effect": {
                      "type": "string",
                      "description_kind": "plain",
                      "required": true
                    },
                    "key": {
                      "type": "string",
                      "description_kind": "plain",
                      "required": true
                    },
                    "value": {
                      "type": "string",
                      "description_kind": "plain",
                      "required": true
                    }
                  },
                  "description_kind": "plain"
                }
              },
              "timeouts": {
                "nesting_mode": "single",
                "block": {
                  "attributes": {
                    "create": {
                      "type": "string",
                      "description_kind": "plain",
                      "optional": true
                    },
                    "delete": {
                      "type": "string",
                      "description_kind": "plain",
                      "optional": true
                    }
                  },
                  "description_kind": "plain"
                }
              }
            },
            "description_kind": "plain"
          }
        },
        "flexibleengine_cce_pvc": {
          "version": 0,
          "block": {
            "attributes": {
              "access_modes": {
                "type": [
                  "set",
                  "string"
                ],
                "description_kind": "plain",
                "required": true
              },
              "annotations": {
                "type": [
                  "map",
                  "string"
                ],
                "description_kind": "plain",
                "optional": true
              },
              "cluster_id": {
                "type": "string",
                "description_kind": "plain",
                "required": true
              },
              "creation_timestamp": {
                "type": "string",
                "description_kind": "plain",
                "computed": true
              },
              "id": {
                "type": "string",
                "description_kind": "plain",
                "optional": true,
                "computed": true
              },
              "labels": {
                "type": [
                  "map",
                  "string"
                ],
                "description_kind": "plain",
                "optional": true
              },
              "name": {
                "type": "string",
                "description_kind": "plain",
                "required": true
              },
              "namespace": {
                "type": "string",
                "description_kind": "plain",
                "required": true
              },
              "region": {
                "type": "string",
                "description_kind": "plain",
                "optional": true,
                "computed": true
              },
              "status": {
                "type": "string",
                "description_kind": "plain",
                "computed": true
              },
              "storage": {
                "type": "string",
                "description_kind": "plain",
                "required": true
              },
              "storage_class_name": {
                "type": "string",
                "description_kind": "plain",
                "required": true
              }
            },
            "block_types": {
              "timeouts": {
                "nesting_mode": "single",
                "block": {
                  "attributes": {
                    "create": {
                      "type": "string",
                      "description_kind": "plain",
                      "optional": true
                    },
                    "delete": {
                      "type": "string",
                      "description_kind": "plain",
                      "optional": true
                    }
                  },
                  "description_kind": "plain"
                }
              }
            },
            "description_kind": "plain"
          }
        },
        "flexibleengine_ces_alarmrule": {
          "version": 0,
          "block": {
            "attributes": {
              "alarm_action_enabled": {
                "type": "bool",
                "description_kind": "plain",
                "optional": true
              },
              "alarm_description": {
                "type": "string",
                "description_kind": "plain",
                "optional": true
              },
              "alarm_enabled": {
                "type": "bool",
                "description_kind": "plain",
                "optional": true
              },
              "alarm_level": {
                "type": "number",
                "description_kind": "plain",
                "optional": true
              },
              "alarm_name": {
                "type": "string",
                "description_kind": "plain",
                "required": true
              },
              "alarm_state": {
                "type": "string",
                "description_kind": "plain",
                "computed": true
              },
              "id": {
                "type": "string",
                "description_kind": "plain",
                "optional": true,
                "computed": true
              },
              "region": {
                "type": "string",
                "description_kind": "plain",
                "optional": true,
                "computed": true
              },
              "update_time": {
                "type": "number",
                "description_kind": "plain",
                "computed": true
              }
            },
            "block_types": {
              "alarm_actions": {
                "nesting_mode": "list",
                "block": {
                  "attributes": {
                    "notification_list": {
                      "type": [
                        "list",
                        "string"
                      ],
                      "description_kind": "plain",
                      "required": true
                    },
                    "type": {
                      "type": "string",
                      "description_kind": "plain",
                      "required": true
                    }
                  },
                  "description_kind": "plain"
                }
              },
              "condition": {
                "nesting_mode": "list",
                "block": {
                  "attributes": {
                    "comparison_operator": {
                      "type": "string",
                      "description_kind": "plain",
                      "required": true
                    },
                    "count": {
                      "type": "number",
                      "description_kind": "plain",
                      "required": true
                    },
                    "filter": {
                      "type": "string",
                      "description_kind": "plain",
                      "required": true
                    },
                    "period": {
                      "type": "number",
                      "description_kind": "plain",
                      "required": true
                    },
                    "suppress_duration": {
                      "type": "number",
                      "description_kind": "plain",
                      "computed": true
                    },
                    "unit": {
                      "type": "string",
                      "description_kind": "plain",
                      "optional": true
                    },
                    "value": {
                      "type": "number",
                      "description_kind": "plain",
                      "required": true
                    }
                  },
                  "description_kind": "plain"
                },
                "min_items": 1,
                "max_items": 1
              },
              "insufficientdata_actions": {
                "nesting_mode": "list",
                "block": {
                  "attributes": {
                    "notification_list": {
                      "type": [
                        "list",
                        "string"
                      ],
                      "description_kind": "plain",
                      "required": true
                    },
                    "type": {
                      "type": "string",
                      "description_kind": "plain",
                      "required": true
                    }
                  },
                  "description_kind": "plain",
                  "deprecated": true
                }
              },
              "metric": {
                "nesting_mode": "list",
                "block": {
                  "attributes": {
                    "metric_name": {
                      "type": "string",
                      "description_kind": "plain",
                      "required": true
                    },
                    "namespace": {
                      "type": "string",
                      "description_kind": "plain",
                      "required": true
                    }
                  },
                  "block_types": {
                    "dimensions": {
                      "nesting_mode": "list",
                      "block": {
                        "attributes": {
                          "name": {
                            "type": "string",
                            "description_kind": "plain",
                            "required": true
                          },
                          "value": {
                            "type": "string",
                            "description_kind": "plain",
                            "required": true
                          }
                        },
                        "description_kind": "plain"
                      },
                      "min_items": 1,
                      "max_items": 3
                    }
                  },
                  "description_kind": "plain"
                },
                "min_items": 1,
                "max_items": 1
              },
              "ok_actions": {
                "nesting_mode": "list",
                "block": {
                  "attributes": {
                    "notification_list": {
                      "type": [
                        "list",
                        "string"
                      ],
                      "description_kind": "plain",
                      "required": true
                    },
                    "type": {
                      "type": "string",
                      "description_kind": "plain",
                      "required": true
                    }
                  },
                  "description_kind": "plain"
                }
              },
              "timeouts": {
                "nesting_mode": "single",
                "block": {
                  "attributes": {
                    "create": {
                      "type": "string",
                      "description_kind": "plain",
                      "optional": true
                    },
                    "delete": {
                      "type": "string",
                      "description_kind": "plain",
                      "optional": true
                    },
                    "update": {
                      "type": "string",
                      "description_kind": "plain",
                      "optional": true
                    }
                  },
                  "description_kind": "plain"
                }
              }
            },
            "description_kind": "plain"
          }
        },
        "flexibleengine_compute_bms_server_v2": {
          "version": 0,
          "block": {
            "attributes": {
              "access_ip_v4": {
                "type": "string",
                "description_kind": "plain",
                "computed": true
              },
              "access_ip_v6": {
                "type": "string",
                "description_kind": "plain",
                "computed": true
              },
              "admin_pass": {
                "type": "string",
                "description_kind": "plain",
                "optional": true,
                "computed": true
              },
              "availability_zone": {
                "type": "string",
                "description_kind": "plain",
                "required": true
              },
              "config_drive": {
                "type": "bool",
                "description_kind": "plain",
                "computed": true
              },
              "flavor_id": {
                "type": "string",
                "description_kind": "plain",
                "optional": true,
                "computed": true
              },
              "flavor_name": {
                "type": "string",
                "description_kind": "plain",
                "optional": true,
                "computed": true
              },
              "host_id": {
                "type": "string",
                "description_kind": "plain",
                "computed": true
              },
              "host_status": {
                "type": "string",
                "description_kind": "plain",
                "computed": true
              },
              "id": {
                "type": "string",
                "description_kind": "plain",
                "optional": true,
                "computed": true
              },
              "image_id": {
                "type": "string",
                "description_kind": "plain",
                "optional": true,
                "computed": true
              },
              "image_name": {
                "type": "string",
                "description_kind": "plain",
                "optional": true,
                "computed": true
              },
              "kernel_id": {
                "type": "string",
                "description_kind": "plain",
                "computed": true
              },
              "key_pair": {
                "type": "string",
                "description_kind": "plain",
                "optional": true,
                "computed": true
              },
              "metadata": {
                "type": [
                  "map",
                  "string"
                ],
                "description_kind": "plain",
                "optional": true
              },
              "name": {
                "type": "string",
                "description_kind": "plain",
                "required": true
              },
              "region": {
                "type": "string",
                "description_kind": "plain",
                "optional": true,
                "computed": true
              },
              "security_groups": {
                "type": [
                  "set",
                  "string"
                ],
                "description_kind": "plain",
                "optional": true,
                "computed": true
              },
              "stop_before_destroy": {
                "type": "bool",
                "description_kind": "plain",
                "optional": true
              },
              "tenant_id": {
                "type": "string",
                "description_kind": "plain",
                "computed": true
              },
              "user_data": {
                "type": "string",
                "description_kind": "plain",
                "optional": true
              },
              "user_id": {
                "type": "string",
                "description_kind": "plain",
                "computed": true
              }
            },
            "block_types": {
              "block_device": {
                "nesting_mode": "list",
                "block": {
                  "attributes": {
                    "boot_index": {
                      "type": "number",
                      "description_kind": "plain",
                      "optional": true
                    },
                    "delete_on_termination": {
                      "type": "bool",
                      "description_kind": "plain",
                      "optional": true
                    },
                    "destination_type": {
                      "type": "string",
                      "description_kind": "plain",
                      "optional": true
                    },
                    "device_name": {
                      "type": "string",
                      "description_kind": "plain",
                      "optional": true
                    },
                    "guest_format": {
                      "type": "string",
                      "description_kind": "plain",
                      "optional": true
                    },
                    "source_type": {
                      "type": "string",
                      "description_kind": "plain",
                      "required": true
                    },
                    "uuid": {
                      "type": "string",
                      "description_kind": "plain",
                      "optional": true
                    },
                    "volume_size": {
                      "type": "number",
                      "description_kind": "plain",
                      "optional": true
                    },
                    "volume_type": {
                      "type": "string",
                      "description_kind": "plain",
                      "optional": true
                    }
                  },
                  "description_kind": "plain"
                }
              },
              "network": {
                "nesting_mode": "list",
                "block": {
                  "attributes": {
                    "access_network": {
                      "type": "bool",
                      "description_kind": "plain",
                      "optional": true
                    },
                    "fixed_ip_v4": {
                      "type": "string",
                      "description_kind": "plain",
                      "optional": true,
                      "computed": true
                    },
                    "fixed_ip_v6": {
                      "type": "string",
                      "description_kind": "plain",
                      "optional": true,
                      "computed": true
                    },
                    "mac": {
                      "type": "string",
                      "description_kind": "plain",
                      "computed": true
                    },
                    "name": {
                      "type": "string",
                      "description_kind": "plain",
                      "optional": true,
                      "computed": true
                    },
                    "port": {
                      "type": "string",
                      "description_kind": "plain",
                      "optional": true,
                      "computed": true
                    },
                    "uuid": {
                      "type": "string",
                      "description_kind": "plain",
                      "optional": true,
                      "computed": true
                    }
                  },
                  "description_kind": "plain"
                }
              },
              "timeouts": {
                "nesting_mode": "single",
                "block": {
                  "attributes": {
                    "create": {
                      "type": "string",
                      "description_kind": "plain",
                      "optional": true
                    },
                    "delete": {
                      "type": "string",
                      "description_kind": "plain",
                      "optional": true
                    },
                    "update": {
                      "type": "string",
                      "description_kind": "plain",
                      "optional": true
                    }
                  },
                  "description_kind": "plain"
                }
              }
            },
            "description_kind": "plain"
          }
        },
        "flexibleengine_compute_floatingip_associate_v2": {
          "version": 0,
          "block": {
            "attributes": {
              "fixed_ip": {
                "type": "string",
                "description_kind": "plain",
                "optional": true
              },
              "floating_ip": {
                "type": "string",
                "description_kind": "plain",
                "required": true
              },
              "id": {
                "type": "string",
                "description_kind": "plain",
                "optional": true,
                "computed": true
              },
              "instance_id": {
                "type": "string",
                "description_kind": "plain",
                "required": true
              },
              "region": {
                "type": "string",
                "description_kind": "plain",
                "optional": true,
                "computed": true
              }
            },
            "description_kind": "plain"
          }
        },
        "flexibleengine_compute_floatingip_v2": {
          "version": 0,
          "block": {
            "attributes": {
              "address": {
                "type": "string",
                "description_kind": "plain",
                "computed": true
              },
              "fixed_ip": {
                "type": "string",
                "description_kind": "plain",
                "computed": true
              },
              "id": {
                "type": "string",
                "description_kind": "plain",
                "optional": true,
                "computed": true
              },
              "instance_id": {
                "type": "string",
                "description_kind": "plain",
                "computed": true
              },
              "pool": {
                "type": "string",
                "description_kind": "plain",
                "optional": true
              },
              "region": {
                "type": "string",
                "description_kind": "plain",
                "optional": true,
                "computed": true
              }
            },
            "description_kind": "plain",
            "deprecated": true
          }
        },
        "flexibleengine_compute_instance_v2": {
          "version": 0,
          "block": {
            "attributes": {
              "access_ip_v4": {
                "type": "string",
                "description_kind": "plain",
                "computed": true
              },
              "access_ip_v6": {
                "type": "string",
                "description_kind": "plain",
                "computed": true
              },
              "admin_pass": {
                "type": "string",
                "description_kind": "plain",
                "optional": true
              },
              "all_metadata": {
                "type": [
                  "map",
                  "string"
                ],
                "description_kind": "plain",
                "computed": true
              },
              "auto_recovery": {
                "type": "bool",
                "description_kind": "plain",
                "optional": true,
                "computed": true
              },
              "availability_zone": {
                "type": "string",
                "description_kind": "plain",
                "optional": true,
                "computed": true
              },
              "config_drive": {
                "type": "bool",
                "description_kind": "plain",
                "optional": true
              },
              "flavor_id": {
                "type": "string",
                "description_kind": "plain",
                "optional": true,
                "computed": true
              },
              "flavor_name": {
                "type": "string",
                "description_kind": "plain",
                "optional": true,
                "computed": true
              },
              "floating_ip": {
                "type": "string",
                "description_kind": "plain",
                "computed": true
              },
              "id": {
                "type": "string",
                "description_kind": "plain",
                "optional": true,
                "computed": true
              },
              "image_id": {
                "type": "string",
                "description_kind": "plain",
                "optional": true,
                "computed": true
              },
              "image_name": {
                "type": "string",
                "description_kind": "plain",
                "optional": true,
                "computed": true
              },
              "key_pair": {
                "type": "string",
                "description_kind": "plain",
                "optional": true
              },
              "metadata": {
                "type": [
                  "map",
                  "string"
                ],
                "description_kind": "plain",
                "optional": true
              },
              "name": {
                "type": "string",
                "description_kind": "plain",
                "required": true
              },
              "region": {
                "type": "string",
                "description_kind": "plain",
                "optional": true,
                "computed": true
              },
              "security_groups": {
                "type": [
                  "set",
                  "string"
                ],
                "description_kind": "plain",
                "optional": true,
                "computed": true
              },
              "status": {
                "type": "string",
                "description_kind": "plain",
                "computed": true
              },
              "stop_before_destroy": {
                "type": "bool",
                "description_kind": "plain",
                "optional": true
              },
              "system_disk_id": {
                "type": "string",
                "description_kind": "plain",
                "computed": true
              },
              "tags": {
                "type": [
                  "map",
                  "string"
                ],
                "description_kind": "plain",
                "optional": true
              },
              "user_data": {
                "type": "string",
                "description_kind": "plain",
                "optional": true
              },
              "volume_attached": {
                "type": [
                  "list",
                  [
                    "object",
                    {
                      "boot_index": "number",
                      "pci_address": "string",
                      "size": "number",
                      "type": "string",
                      "uuid": "string"
                    }
                  ]
                ],
                "description_kind": "plain",
                "computed": true
              }
            },
            "block_types": {
              "block_device": {
                "nesting_mode": "list",
                "block": {
                  "attributes": {
                    "boot_index": {
                      "type": "number",
                      "description_kind": "plain",
                      "optional": true
                    },
                    "delete_on_termination": {
                      "type": "bool",
                      "description_kind": "plain",
                      "optional": true
                    },
                    "destination_type": {
                      "type": "string",
                      "description_kind": "plain",
                      "optional": true
                    },
                    "device_name": {
                      "type": "string",
                      "description_kind": "plain",
                      "optional": true
                    },
                    "device_type": {
                      "type": "string",
                      "description_kind": "plain",
                      "optional": true
                    },
                    "disk_bus": {
                      "type": "string",
                      "description_kind": "plain",
                      "optional": true
                    },
                    "guest_format": {
                      "type": "string",
                      "description_kind": "plain",
                      "optional": true
                    },
                    "source_type": {
                      "type": "string",
                      "description_kind": "plain",
                      "required": true
                    },
                    "uuid": {
                      "type": "string",
                      "description_kind": "plain",
                      "optional": true
                    },
                    "volume_size": {
                      "type": "number",
                      "description_kind": "plain",
                      "optional": true
                    },
                    "volume_type": {
                      "type": "string",
                      "description_kind": "plain",
                      "optional": true
                    }
                  },
                  "description_kind": "plain"
                }
              },
              "network": {
                "nesting_mode": "list",
                "block": {
                  "attributes": {
                    "access_network": {
                      "type": "bool",
                      "description_kind": "plain",
                      "optional": true
                    },
                    "fixed_ip_v4": {
                      "type": "string",
                      "description_kind": "plain",
                      "optional": true,
                      "computed": true
                    },
                    "fixed_ip_v6": {
                      "type": "string",
                      "description_kind": "plain",
                      "optional": true,
                      "computed": true
                    },
                    "mac": {
                      "type": "string",
                      "description_kind": "plain",
                      "computed": true
                    },
                    "name": {
                      "type": "string",
                      "description_kind": "plain",
                      "deprecated": true,
                      "optional": true,
                      "computed": true
                    },
                    "port": {
                      "type": "string",
                      "description_kind": "plain",
                      "optional": true,
                      "computed": true
                    },
                    "uuid": {
                      "type": "string",
                      "description_kind": "plain",
                      "optional": true,
                      "computed": true
                    }
                  },
                  "description_kind": "plain"
                },
                "max_items": 12
              },
              "personality": {
                "nesting_mode": "set",
                "block": {
                  "attributes": {
                    "content": {
                      "type": "string",
                      "description_kind": "plain",
                      "required": true
                    },
                    "file": {
                      "type": "string",
                      "description_kind": "plain",
                      "required": true
                    }
                  },
                  "description_kind": "plain"
                }
              },
              "scheduler_hints": {
                "nesting_mode": "set",
                "block": {
                  "attributes": {
                    "build_near_host_ip": {
                      "type": "string",
                      "description_kind": "plain",
                      "deprecated": true,
                      "optional": true
                    },
                    "deh_id": {
                      "type": "string",
                      "description_kind": "plain",
                      "optional": true,
                      "computed": true
                    },
                    "different_host": {
                      "type": [
                        "list",
                        "string"
                      ],
                      "description_kind": "plain",
                      "deprecated": true,
                      "optional": true
                    },
                    "group": {
                      "type": "string",
                      "description_kind": "plain",
                      "optional": true
                    },
                    "query": {
                      "type": [
                        "list",
                        "string"
                      ],
                      "description_kind": "plain",
                      "deprecated": true,
                      "optional": true
                    },
                    "same_host": {
                      "type": [
                        "list",
                        "string"
                      ],
                      "description_kind": "plain",
                      "deprecated": true,
                      "optional": true
                    },
                    "target_cell": {
                      "type": "string",
                      "description_kind": "plain",
                      "deprecated": true,
                      "optional": true
                    },
                    "tenancy": {
                      "type": "string",
                      "description_kind": "plain",
                      "optional": true
                    }
                  },
                  "description_kind": "plain"
                }
              },
              "timeouts": {
                "nesting_mode": "single",
                "block": {
                  "attributes": {
                    "create": {
                      "type": "string",
                      "description_kind": "plain",
                      "optional": true
                    },
                    "delete": {
                      "type": "string",
                      "description_kind": "plain",
                      "optional": true
                    },
                    "update": {
                      "type": "string",
                      "description_kind": "plain",
                      "optional": true
                    }
                  },
                  "description_kind": "plain"
                }
              }
            },
            "description_kind": "plain"
          }
        },
        "flexibleengine_compute_interface_attach_v2": {
          "version": 0,
          "block": {
            "attributes": {
              "fixed_ip": {
                "type": "string",
                "description_kind": "plain",
                "optional": true
              },
              "id": {
                "type": "string",
                "description_kind": "plain",
                "optional": true,
                "computed": true
              },
              "instance_id": {
                "type": "string",
                "description_kind": "plain",
                "required": true
              },
              "network_id": {
                "type": "string",
                "description_kind": "plain",
                "optional": true,
                "computed": true
              },
              "port_id": {
                "type": "string",
                "description_kind": "plain",
                "optional": true,
                "computed": true
              },
              "region": {
                "type": "string",
                "description_kind": "plain",
                "optional": true,
                "computed": true
              }
            },
            "block_types": {
              "timeouts": {
                "nesting_mode": "single",
                "block": {
                  "attributes": {
                    "create": {
                      "type": "string",
                      "description_kind": "plain",
                      "optional": true
                    },
                    "delete": {
                      "type": "string",
                      "description_kind": "plain",
                      "optional": true
                    }
                  },
                  "description_kind": "plain"
                }
              }
            },
            "description_kind": "plain"
          }
        },
        "flexibleengine_compute_keypair_v2": {
          "version": 0,
          "block": {
            "attributes": {
              "id": {
                "type": "string",
                "description_kind": "plain",
                "optional": true,
                "computed": true
              },
              "name": {
                "type": "string",
                "description_kind": "plain",
                "required": true
              },
              "private_key_path": {
                "type": "string",
                "description_kind": "plain",
                "optional": true,
                "computed": true
              },
              "public_key": {
                "type": "string",
                "description_kind": "plain",
                "optional": true,
                "computed": true
              },
              "region": {
                "type": "string",
                "description_kind": "plain",
                "optional": true,
                "computed": true
              }
            },
            "description_kind": "plain"
          }
        },
        "flexibleengine_compute_servergroup_v2": {
          "version": 0,
          "block": {
            "attributes": {
              "id": {
                "type": "string",
                "description_kind": "plain",
                "optional": true,
                "computed": true
              },
              "members": {
                "type": [
                  "list",
                  "string"
                ],
                "description_kind": "plain",
                "computed": true
              },
              "name": {
                "type": "string",
                "description_kind": "plain",
                "required": true
              },
              "policies": {
                "type": [
                  "list",
                  "string"
                ],
                "description_kind": "plain",
                "optional": true
              },
              "region": {
                "type": "string",
                "description_kind": "plain",
                "optional": true,
                "computed": true
              },
              "value_specs": {
                "type": [
                  "map",
                  "string"
                ],
                "description_kind": "plain",
                "optional": true
              }
            },
            "description_kind": "plain"
          }
        },
        "flexibleengine_compute_volume_attach_v2": {
          "version": 0,
          "block": {
            "attributes": {
              "device": {
                "type": "string",
                "description_kind": "plain",
                "optional": true,
                "computed": true
              },
              "id": {
                "type": "string",
                "description_kind": "plain",
                "optional": true,
                "computed": true
              },
              "instance_id": {
                "type": "string",
                "description_kind": "plain",
                "required": true
              },
              "region": {
                "type": "string",
                "description_kind": "plain",
                "optional": true,
                "computed": true
              },
              "volume_id": {
                "type": "string",
                "description_kind": "plain",
                "required": true
              }
            },
            "block_types": {
              "timeouts": {
                "nesting_mode": "single",
                "block": {
                  "attributes": {
                    "create": {
                      "type": "string",
                      "description_kind": "plain",
                      "optional": true
                    },
                    "delete": {
                      "type": "string",
                      "description_kind": "plain",
                      "optional": true
                    }
                  },
                  "description_kind": "plain"
                }
              }
            },
            "description_kind": "plain"
          }
        },
        "flexibleengine_csbs_backup_policy_v1": {
          "version": 0,
          "block": {
            "attributes": {
              "common": {
                "type": [
                  "map",
                  "string"
                ],
                "description_kind": "plain",
                "optional": true
              },
              "description": {
                "type": "string",
                "description_kind": "plain",
                "optional": true
              },
              "id": {
                "type": "string",
                "description_kind": "plain",
                "optional": true,
                "computed": true
              },
              "name": {
                "type": "string",
                "description_kind": "plain",
                "required": true
              },
              "provider_id": {
                "type": "string",
                "description_kind": "plain",
                "optional": true
              },
              "region": {
                "type": "string",
                "description_kind": "plain",
                "optional": true,
                "computed": true
              },
              "status": {
                "type": "string",
                "description_kind": "plain",
                "computed": true
              }
            },
            "block_types": {
              "resource": {
                "nesting_mode": "set",
                "block": {
                  "attributes": {
                    "id": {
                      "type": "string",
                      "description_kind": "plain",
                      "required": true
                    },
                    "name": {
                      "type": "string",
                      "description_kind": "plain",
                      "required": true
                    },
                    "type": {
                      "type": "string",
                      "description_kind": "plain",
                      "required": true
                    }
                  },
                  "description_kind": "plain"
                },
                "min_items": 1
              },
              "scheduled_operation": {
                "nesting_mode": "set",
                "block": {
                  "attributes": {
                    "description": {
                      "type": "string",
                      "description_kind": "plain",
                      "optional": true
                    },
                    "enabled": {
                      "type": "bool",
                      "description_kind": "plain",
                      "optional": true
                    },
                    "id": {
                      "type": "string",
                      "description_kind": "plain",
                      "computed": true
                    },
                    "max_backups": {
                      "type": "number",
                      "description_kind": "plain",
                      "optional": true
                    },
                    "name": {
                      "type": "string",
                      "description_kind": "plain",
                      "optional": true
                    },
                    "operation_type": {
                      "type": "string",
                      "description_kind": "plain",
                      "required": true
                    },
                    "permanent": {
                      "type": "bool",
                      "description_kind": "plain",
                      "optional": true,
                      "computed": true
                    },
                    "retention_duration_days": {
                      "type": "number",
                      "description_kind": "plain",
                      "optional": true
                    },
                    "trigger_id": {
                      "type": "string",
                      "description_kind": "plain",
                      "computed": true
                    },
                    "trigger_name": {
                      "type": "string",
                      "description_kind": "plain",
                      "computed": true
                    },
                    "trigger_pattern": {
                      "type": "string",
                      "description_kind": "plain",
                      "required": true
                    },
                    "trigger_type": {
                      "type": "string",
                      "description_kind": "plain",
                      "computed": true
                    }
                  },
                  "description_kind": "plain"
                },
                "min_items": 1,
                "max_items": 1
              },
              "timeouts": {
                "nesting_mode": "single",
                "block": {
                  "attributes": {
                    "create": {
                      "type": "string",
                      "description_kind": "plain",
                      "optional": true
                    },
                    "delete": {
                      "type": "string",
                      "description_kind": "plain",
                      "optional": true
                    }
                  },
                  "description_kind": "plain"
                }
              }
            },
            "description_kind": "plain"
          }
        },
        "flexibleengine_csbs_backup_v1": {
          "version": 0,
          "block": {
            "attributes": {
              "backup_name": {
                "type": "string",
                "description_kind": "plain",
                "optional": true,
                "computed": true
              },
              "backup_record_id": {
                "type": "string",
                "description_kind": "plain",
                "computed": true
              },
              "description": {
                "type": "string",
                "description_kind": "plain",
                "optional": true,
                "computed": true
              },
              "id": {
                "type": "string",
                "description_kind": "plain",
                "optional": true,
                "computed": true
              },
              "region": {
                "type": "string",
                "description_kind": "plain",
                "optional": true,
                "computed": true
              },
              "resource_id": {
                "type": "string",
                "description_kind": "plain",
                "required": true
              },
              "resource_type": {
                "type": "string",
                "description_kind": "plain",
                "optional": true
              },
              "status": {
                "type": "string",
                "description_kind": "plain",
                "computed": true
              },
              "vm_metadata": {
                "type": [
                  "set",
                  [
                    "object",
                    {
                      "cloud_service_type": "string",
                      "disk": "number",
                      "eip": "string",
                      "image_type": "string",
                      "name": "string",
                      "private_ip": "string",
                      "ram": "number",
                      "vcpus": "number"
                    }
                  ]
                ],
                "description_kind": "plain",
                "computed": true
              },
              "volume_backups": {
                "type": [
                  "set",
                  [
                    "object",
                    {
                      "average_speed": "number",
                      "bootable": "bool",
                      "id": "string",
                      "image_type": "string",
                      "incremental": "bool",
                      "name": "string",
                      "size": "number",
                      "snapshot_id": "string",
                      "source_volume_id": "string",
                      "source_volume_name": "string",
                      "source_volume_size": "number",
                      "space_saving_ratio": "number",
                      "status": "string"
                    }
                  ]
                ],
                "description_kind": "plain",
                "computed": true
              }
            },
            "block_types": {
              "timeouts": {
                "nesting_mode": "single",
                "block": {
                  "attributes": {
                    "create": {
                      "type": "string",
                      "description_kind": "plain",
                      "optional": true
                    },
                    "delete": {
                      "type": "string",
                      "description_kind": "plain",
                      "optional": true
                    }
                  },
                  "description_kind": "plain"
                }
              }
            },
            "description_kind": "plain"
          }
        },
        "flexibleengine_cse_microservice": {
          "version": 0,
          "block": {
            "attributes": {
              "admin_pass": {
                "type": "string",
                "description_kind": "plain",
                "optional": true,
                "sensitive": true
              },
              "admin_user": {
                "type": "string",
                "description_kind": "plain",
                "optional": true
              },
              "app_name": {
                "type": "string",
                "description_kind": "plain",
                "required": true
              },
              "connect_address": {
                "type": "string",
                "description_kind": "plain",
                "required": true
              },
              "description": {
                "type": "string",
                "description_kind": "plain",
                "optional": true
              },
              "environment": {
                "type": "string",
                "description_kind": "plain",
                "optional": true
              },
              "id": {
                "type": "string",
                "description_kind": "plain",
                "optional": true,
                "computed": true
              },
              "level": {
                "type": "string",
                "description_kind": "plain",
                "optional": true
              },
              "name": {
                "type": "string",
                "description_kind": "plain",
                "required": true
              },
              "status": {
                "type": "string",
                "description_kind": "plain",
                "computed": true
              },
              "version": {
                "type": "string",
                "description_kind": "plain",
                "required": true
              }
            },
            "description_kind": "plain"
          }
        },
        "flexibleengine_cse_microservice_engine": {
          "version": 0,
          "block": {
            "attributes": {
              "admin_pass": {
                "type": "string",
                "description_kind": "plain",
                "optional": true,
                "sensitive": true
              },
              "auth_type": {
                "type": "string",
                "description_kind": "plain",
                "required": true
              },
              "availability_zones": {
                "type": [
                  "list",
                  "string"
                ],
                "description_kind": "plain",
                "required": true
              },
              "config_center_addresses": {
                "type": [
                  "list",
                  [
                    "object",
                    {
                      "private": "string",
                      "public": "string"
                    }
                  ]
                ],
                "description_kind": "plain",
                "computed": true
              },
              "description": {
                "type": "string",
                "description_kind": "plain",
                "optional": true
              },
              "eip_id": {
                "type": "string",
                "description_kind": "plain",
                "optional": true
              },
              "enterprise_project_id": {
                "type": "string",
                "description_kind": "plain",
                "optional": true
              },
              "extend_params": {
                "type": [
                  "map",
                  "string"
                ],
                "description_kind": "plain",
                "optional": true,
                "computed": true
              },
              "flavor": {
                "type": "string",
                "description_kind": "plain",
                "required": true
              },
              "id": {
                "type": "string",
                "description_kind": "plain",
                "optional": true,
                "computed": true
              },
              "instance_limit": {
                "type": "number",
                "description_kind": "plain",
                "computed": true
              },
              "name": {
                "type": "string",
                "description_kind": "plain",
                "required": true
              },
              "network_id": {
                "type": "string",
                "description_kind": "plain",
                "required": true
              },
              "region": {
                "type": "string",
                "description_kind": "plain",
                "optional": true,
                "computed": true
              },
              "service_limit": {
                "type": "number",
                "description_kind": "plain",
                "computed": true
              },
              "service_registry_addresses": {
                "type": [
                  "list",
                  [
                    "object",
                    {
                      "private": "string",
                      "public": "string"
                    }
                  ]
                ],
                "description_kind": "plain",
                "computed": true
              },
              "version": {
                "type": "string",
                "description_kind": "plain",
                "optional": true
              }
            },
            "block_types": {
              "timeouts": {
                "nesting_mode": "single",
                "block": {
                  "attributes": {
                    "create": {
                      "type": "string",
                      "description_kind": "plain",
                      "optional": true
                    },
                    "delete": {
                      "type": "string",
                      "description_kind": "plain",
                      "optional": true
                    }
                  },
                  "description_kind": "plain"
                }
              }
            },
            "description_kind": "plain"
          }
        },
        "flexibleengine_cse_microservice_instance": {
          "version": 0,
          "block": {
            "attributes": {
              "admin_pass": {
                "type": "string",
                "description_kind": "plain",
                "optional": true,
                "sensitive": true
              },
              "admin_user": {
                "type": "string",
                "description_kind": "plain",
                "optional": true
              },
              "connect_address": {
                "type": "string",
                "description_kind": "plain",
                "required": true
              },
              "endpoints": {
                "type": [
                  "list",
                  "string"
                ],
                "description_kind": "plain",
                "required": true
              },
              "host_name": {
                "type": "string",
                "description_kind": "plain",
                "required": true
              },
              "id": {
                "type": "string",
                "description_kind": "plain",
                "optional": true,
                "computed": true
              },
              "microservice_id": {
                "type": "string",
                "description_kind": "plain",
                "required": true
              },
              "properties": {
                "type": [
                  "map",
                  "string"
                ],
                "description_kind": "plain",
                "optional": true,
                "computed": true
              },
              "status": {
                "type": "string",
                "description_kind": "plain",
                "computed": true
              },
              "version": {
                "type": "string",
                "description_kind": "plain",
                "optional": true,
                "computed": true
              }
            },
            "block_types": {
              "data_center": {
                "nesting_mode": "list",
                "block": {
                  "attributes": {
                    "availability_zone": {
                      "type": "string",
                      "description_kind": "plain",
                      "required": true
                    },
                    "name": {
                      "type": "string",
                      "description_kind": "plain",
                      "required": true
                    },
                    "region": {
                      "type": "string",
                      "description_kind": "plain",
                      "required": true
                    }
                  },
                  "description_kind": "plain"
                },
                "max_items": 1
              },
              "health_check": {
                "nesting_mode": "list",
                "block": {
                  "attributes": {
                    "interval": {
                      "type": "number",
                      "description_kind": "plain",
                      "required": true
                    },
                    "max_retries": {
                      "type": "number",
                      "description_kind": "plain",
                      "required": true
                    },
                    "mode": {
                      "type": "string",
                      "description_kind": "plain",
                      "required": true
                    },
                    "port": {
                      "type": "number",
                      "description_kind": "plain",
                      "optional": true,
                      "computed": true
                    }
                  },
                  "description_kind": "plain"
                },
                "max_items": 1
              }
            },
            "description_kind": "plain"
          }
        },
        "flexibleengine_css_cluster_v1": {
          "version": 0,
          "block": {
            "attributes": {
              "created": {
                "type": "string",
                "description_kind": "plain",
                "computed": true
              },
              "endpoint": {
                "type": "string",
                "description_kind": "plain",
                "computed": true
              },
              "engine_type": {
                "type": "string",
                "description_kind": "plain",
                "optional": true
              },
              "engine_version": {
                "type": "string",
                "description_kind": "plain",
                "required": true
              },
              "id": {
                "type": "string",
                "description_kind": "plain",
                "optional": true,
                "computed": true
              },
              "name": {
                "type": "string",
                "description_kind": "plain",
                "required": true
              },
              "node_number": {
                "type": "number",
                "description_kind": "plain",
                "optional": true
              },
              "nodes": {
                "type": [
                  "list",
                  [
                    "object",
                    {
                      "id": "string",
                      "name": "string",
                      "type": "string"
                    }
                  ]
                ],
                "description_kind": "plain",
                "computed": true
              },
              "password": {
                "type": "string",
                "description_kind": "plain",
                "optional": true,
                "sensitive": true
              },
              "security_mode": {
                "type": "bool",
                "description_kind": "plain",
                "optional": true
              },
              "tags": {
                "type": [
                  "map",
                  "string"
                ],
                "description_kind": "plain",
                "optional": true
              }
            },
            "block_types": {
              "backup_strategy": {
                "nesting_mode": "list",
                "block": {
                  "attributes": {
                    "keep_days": {
                      "type": "number",
                      "description_kind": "plain",
                      "optional": true
                    },
                    "prefix": {
                      "type": "string",
                      "description_kind": "plain",
                      "optional": true
                    },
                    "start_time": {
                      "type": "string",
                      "description_kind": "plain",
                      "required": true
                    }
                  },
                  "description_kind": "plain"
                },
                "max_items": 1
              },
              "node_config": {
                "nesting_mode": "list",
                "block": {
                  "attributes": {
                    "availability_zone": {
                      "type": "string",
                      "description_kind": "plain",
                      "optional": true
                    },
                    "flavor": {
                      "type": "string",
                      "description_kind": "plain",
                      "required": true
                    }
                  },
                  "block_types": {
                    "network_info": {
                      "nesting_mode": "list",
                      "block": {
                        "attributes": {
                          "security_group_id": {
                            "type": "string",
                            "description_kind": "plain",
                            "required": true
                          },
                          "subnet_id": {
                            "type": "string",
                            "description_kind": "plain",
                            "required": true
                          },
                          "vpc_id": {
                            "type": "string",
                            "description_kind": "plain",
                            "required": true
                          }
                        },
                        "description_kind": "plain"
                      },
                      "min_items": 1,
                      "max_items": 1
                    },
                    "volume": {
                      "nesting_mode": "list",
                      "block": {
                        "attributes": {
                          "size": {
                            "type": "number",
                            "description_kind": "plain",
                            "required": true
                          },
                          "volume_type": {
                            "type": "string",
                            "description_kind": "plain",
                            "required": true
                          }
                        },
                        "description_kind": "plain"
                      },
                      "min_items": 1,
                      "max_items": 1
                    }
                  },
                  "description_kind": "plain"
                },
                "min_items": 1,
                "max_items": 1
              },
              "timeouts": {
                "nesting_mode": "single",
                "block": {
                  "attributes": {
                    "create": {
                      "type": "string",
                      "description_kind": "plain",
                      "optional": true
                    },
                    "update": {
                      "type": "string",
                      "description_kind": "plain",
                      "optional": true
                    }
                  },
                  "description_kind": "plain"
                }
              }
            },
            "description_kind": "plain"
          }
        },
        "flexibleengine_css_snapshot_v1": {
          "version": 0,
          "block": {
            "attributes": {
              "backup_type": {
                "type": "string",
                "description_kind": "plain",
                "computed": true
              },
              "cluster_id": {
                "type": "string",
                "description_kind": "plain",
                "required": true
              },
              "cluster_name": {
                "type": "string",
                "description_kind": "plain",
                "computed": true
              },
              "description": {
                "type": "string",
                "description_kind": "plain",
                "optional": true
              },
              "id": {
                "type": "string",
                "description_kind": "plain",
                "optional": true,
                "computed": true
              },
              "indices": {
                "type": "string",
                "description_kind": "plain",
                "optional": true,
                "computed": true
              },
              "name": {
                "type": "string",
                "description_kind": "plain",
                "required": true
              },
              "status": {
                "type": "string",
                "description_kind": "plain",
                "computed": true
              }
            },
            "block_types": {
              "timeouts": {
                "nesting_mode": "single",
                "block": {
                  "attributes": {
                    "create": {
                      "type": "string",
                      "description_kind": "plain",
                      "optional": true
                    },
                    "delete": {
                      "type": "string",
                      "description_kind": "plain",
                      "optional": true
                    }
                  },
                  "description_kind": "plain"
                }
              }
            },
            "description_kind": "plain"
          }
        },
        "flexibleengine_cts_tracker_v1": {
          "version": 0,
          "block": {
            "attributes": {
              "bucket_name": {
                "type": "string",
                "description_kind": "plain",
                "required": true
              },
              "file_prefix_name": {
                "type": "string",
                "description_kind": "plain",
                "optional": true,
                "computed": true
              },
              "id": {
                "type": "string",
                "description_kind": "plain",
                "optional": true,
                "computed": true
              },
              "region": {
                "type": "string",
                "description_kind": "plain",
                "optional": true,
                "computed": true
              },
              "status": {
                "type": "string",
                "description_kind": "plain",
                "optional": true,
                "computed": true
              },
              "tracker_name": {
                "type": "string",
                "description_kind": "plain",
                "computed": true
              }
            },
            "block_types": {
              "timeouts": {
                "nesting_mode": "single",
                "block": {
                  "attributes": {
                    "create": {
                      "type": "string",
                      "description_kind": "plain",
                      "optional": true
                    },
                    "delete": {
                      "type": "string",
                      "description_kind": "plain",
                      "optional": true
                    }
                  },
                  "description_kind": "plain"
                }
              }
            },
            "description_kind": "plain"
          }
        },
        "flexibleengine_dcs_instance_v1": {
          "version": 0,
          "block": {
            "attributes": {
              "access_user": {
                "type": "string",
                "description_kind": "plain",
                "optional": true
              },
              "available_zones": {
                "type": [
                  "list",
                  "string"
                ],
                "description_kind": "plain",
                "required": true
              },
              "backup_at": {
                "type": [
                  "list",
                  "number"
                ],
                "description_kind": "plain",
                "optional": true
              },
              "backup_type": {
                "type": "string",
                "description_kind": "plain",
                "optional": true
              },
              "begin_at": {
                "type": "string",
                "description_kind": "plain",
                "optional": true
              },
              "capacity": {
                "type": "number",
                "description_kind": "plain",
                "required": true
              },
              "description": {
                "type": "string",
                "description_kind": "plain",
                "optional": true,
                "computed": true
              },
              "engine": {
                "type": "string",
                "description_kind": "plain",
                "required": true
              },
              "engine_version": {
                "type": "string",
                "description_kind": "plain",
                "optional": true,
                "computed": true
              },
              "id": {
                "type": "string",
                "description_kind": "plain",
                "optional": true,
                "computed": true
              },
              "instance_type": {
                "type": "string",
                "description_kind": "plain",
                "deprecated": true,
                "optional": true
              },
              "internal_version": {
                "type": "string",
                "description_kind": "plain",
                "computed": true
              },
              "ip": {
                "type": "string",
                "description_kind": "plain",
                "computed": true
              },
              "maintain_begin": {
                "type": "string",
                "description_kind": "plain",
                "optional": true,
                "computed": true
              },
              "maintain_end": {
                "type": "string",
                "description_kind": "plain",
                "optional": true,
                "computed": true
              },
              "max_memory": {
                "type": "number",
                "description_kind": "plain",
                "computed": true
              },
              "name": {
                "type": "string",
                "description_kind": "plain",
                "required": true
              },
              "network_id": {
                "type": "string",
                "description_kind": "plain",
                "required": true
              },
              "password": {
                "type": "string",
                "description_kind": "plain",
                "required": true,
                "sensitive": true
              },
              "period_type": {
                "type": "string",
                "description_kind": "plain",
                "optional": true
              },
              "port": {
                "type": "number",
                "description_kind": "plain",
                "optional": true,
                "computed": true
              },
              "product_id": {
                "type": "string",
                "description_kind": "plain",
                "optional": true,
                "computed": true
              },
              "resource_spec_code": {
                "type": "string",
                "description_kind": "plain",
                "computed": true
              },
              "save_days": {
                "type": "number",
                "description_kind": "plain",
                "optional": true
              },
              "security_group_id": {
                "type": "string",
                "description_kind": "plain",
                "optional": true
              },
              "security_group_name": {
                "type": "string",
                "description_kind": "plain",
                "computed": true
              },
              "status": {
                "type": "string",
                "description_kind": "plain",
                "computed": true
              },
              "subnet_name": {
                "type": "string",
                "description_kind": "plain",
                "computed": true
              },
              "used_memory": {
                "type": "number",
                "description_kind": "plain",
                "computed": true
              },
              "vpc_id": {
                "type": "string",
                "description_kind": "plain",
                "required": true
              },
              "vpc_name": {
                "type": "string",
                "description_kind": "plain",
                "computed": true
              }
            },
            "block_types": {
              "timeouts": {
                "nesting_mode": "single",
                "block": {
                  "attributes": {
                    "create": {
                      "type": "string",
                      "description_kind": "plain",
                      "optional": true
                    },
                    "delete": {
                      "type": "string",
                      "description_kind": "plain",
                      "optional": true
                    }
                  },
                  "description_kind": "plain"
                }
              }
            },
            "description_kind": "plain"
          }
        },
        "flexibleengine_dds_database_role": {
          "version": 0,
          "block": {
            "attributes": {
              "db_name": {
                "type": "string",
                "description_kind": "plain",
                "required": true
              },
              "id": {
                "type": "string",
                "description_kind": "plain",
                "optional": true,
                "computed": true
              },
              "inherited_privileges": {
                "type": [
                  "list",
                  [
                    "object",
                    {
                      "actions": [
                        "list",
                        "string"
                      ],
                      "resources": [
                        "list",
                        [
                          "object",
                          {
                            "collection": "string",
                            "db_name": "string"
                          }
                        ]
                      ]
                    }
                  ]
                ],
                "description_kind": "plain",
                "computed": true
              },
              "instance_id": {
                "type": "string",
                "description_kind": "plain",
                "required": true
              },
              "name": {
                "type": "string",
                "description_kind": "plain",
                "required": true
              },
              "privileges": {
                "type": [
                  "list",
                  [
                    "object",
                    {
                      "actions": [
                        "list",
                        "string"
                      ],
                      "resources": [
                        "list",
                        [
                          "object",
                          {
                            "collection": "string",
                            "db_name": "string"
                          }
                        ]
                      ]
                    }
                  ]
                ],
                "description_kind": "plain",
                "computed": true
              },
              "region": {
                "type": "string",
                "description_kind": "plain",
                "optional": true,
                "computed": true
              }
            },
            "block_types": {
              "roles": {
                "nesting_mode": "list",
                "block": {
                  "attributes": {
                    "db_name": {
                      "type": "string",
                      "description_kind": "plain",
                      "required": true
                    },
                    "name": {
                      "type": "string",
                      "description_kind": "plain",
                      "required": true
                    }
                  },
                  "description_kind": "plain"
                }
              },
              "timeouts": {
                "nesting_mode": "single",
                "block": {
                  "attributes": {
                    "create": {
                      "type": "string",
                      "description_kind": "plain",
                      "optional": true
                    },
                    "delete": {
                      "type": "string",
                      "description_kind": "plain",
                      "optional": true
                    }
                  },
                  "description_kind": "plain"
                }
              }
            },
            "description_kind": "plain"
          }
        },
        "flexibleengine_dds_database_user": {
          "version": 0,
          "block": {
            "attributes": {
              "db_name": {
                "type": "string",
                "description_kind": "plain",
                "required": true
              },
              "id": {
                "type": "string",
                "description_kind": "plain",
                "optional": true,
                "computed": true
              },
              "inherited_privileges": {
                "type": [
                  "list",
                  [
                    "object",
                    {
                      "actions": [
                        "list",
                        "string"
                      ],
                      "resources": [
                        "list",
                        [
                          "object",
                          {
                            "collection": "string",
                            "db_name": "string"
                          }
                        ]
                      ]
                    }
                  ]
                ],
                "description_kind": "plain",
                "computed": true
              },
              "instance_id": {
                "type": "string",
                "description_kind": "plain",
                "required": true
              },
              "name": {
                "type": "string",
                "description_kind": "plain",
                "required": true
              },
              "password": {
                "type": "string",
                "description_kind": "plain",
                "required": true,
                "sensitive": true
              },
              "privileges": {
                "type": [
                  "list",
                  [
                    "object",
                    {
                      "actions": [
                        "list",
                        "string"
                      ],
                      "resources": [
                        "list",
                        [
                          "object",
                          {
                            "collection": "string",
                            "db_name": "string"
                          }
                        ]
                      ]
                    }
                  ]
                ],
                "description_kind": "plain",
                "computed": true
              },
              "region": {
                "type": "string",
                "description_kind": "plain",
                "optional": true,
                "computed": true
              }
            },
            "block_types": {
              "roles": {
                "nesting_mode": "list",
                "block": {
                  "attributes": {
                    "db_name": {
                      "type": "string",
                      "description_kind": "plain",
                      "required": true
                    },
                    "name": {
                      "type": "string",
                      "description_kind": "plain",
                      "required": true
                    }
                  },
                  "description_kind": "plain"
                },
                "min_items": 1
              },
              "timeouts": {
                "nesting_mode": "single",
                "block": {
                  "attributes": {
                    "create": {
                      "type": "string",
                      "description_kind": "plain",
                      "optional": true
                    },
                    "delete": {
                      "type": "string",
                      "description_kind": "plain",
                      "optional": true
                    },
                    "update": {
                      "type": "string",
                      "description_kind": "plain",
                      "optional": true
                    }
                  },
                  "description_kind": "plain"
                }
              }
            },
            "description_kind": "plain"
          }
        },
        "flexibleengine_dds_instance_v3": {
          "version": 0,
          "block": {
            "attributes": {
              "availability_zone": {
                "type": "string",
                "description_kind": "plain",
                "required": true
              },
              "db_username": {
                "type": "string",
                "description_kind": "plain",
                "computed": true
              },
              "disk_encryption_id": {
                "type": "string",
                "description_kind": "plain",
                "optional": true,
                "sensitive": true
              },
              "id": {
                "type": "string",
                "description_kind": "plain",
                "optional": true,
                "computed": true
              },
              "mode": {
                "type": "string",
                "description_kind": "plain",
                "required": true
              },
              "name": {
                "type": "string",
                "description_kind": "plain",
                "required": true
              },
              "nodes": {
                "type": [
                  "list",
                  [
                    "object",
                    {
                      "id": "string",
                      "name": "string",
                      "private_ip": "string",
                      "public_ip": "string",
                      "role": "string",
                      "status": "string",
                      "type": "string"
                    }
                  ]
                ],
                "description_kind": "plain",
                "computed": true
              },
              "password": {
                "type": "string",
                "description_kind": "plain",
                "required": true,
                "sensitive": true
              },
              "port": {
                "type": "number",
                "description_kind": "plain",
                "computed": true
              },
              "region": {
                "type": "string",
                "description_kind": "plain",
                "optional": true,
                "computed": true
              },
              "security_group_id": {
                "type": "string",
                "description_kind": "plain",
                "required": true
              },
              "ssl": {
                "type": "bool",
                "description_kind": "plain",
                "optional": true
              },
              "status": {
                "type": "string",
                "description_kind": "plain",
                "computed": true
              },
              "subnet_id": {
                "type": "string",
                "description_kind": "plain",
                "required": true
              },
              "tags": {
                "type": [
                  "map",
                  "string"
                ],
                "description_kind": "plain",
                "optional": true
              },
              "vpc_id": {
                "type": "string",
                "description_kind": "plain",
                "required": true
              }
            },
            "block_types": {
              "backup_strategy": {
                "nesting_mode": "list",
                "block": {
                  "attributes": {
                    "keep_days": {
                      "type": "number",
                      "description_kind": "plain",
                      "required": true
                    },
                    "start_time": {
                      "type": "string",
                      "description_kind": "plain",
                      "required": true
                    }
                  },
                  "description_kind": "plain"
                },
                "max_items": 1
              },
              "datastore": {
                "nesting_mode": "list",
                "block": {
                  "attributes": {
                    "storage_engine": {
                      "type": "string",
                      "description_kind": "plain",
                      "optional": true
                    },
                    "type": {
                      "type": "string",
                      "description_kind": "plain",
                      "required": true
                    },
                    "version": {
                      "type": "string",
                      "description_kind": "plain",
                      "required": true
                    }
                  },
                  "description_kind": "plain"
                },
                "min_items": 1,
                "max_items": 1
              },
              "flavor": {
                "nesting_mode": "list",
                "block": {
                  "attributes": {
                    "num": {
                      "type": "number",
                      "description_kind": "plain",
                      "required": true
                    },
                    "size": {
                      "type": "number",
                      "description_kind": "plain",
                      "optional": true
                    },
                    "spec_code": {
                      "type": "string",
                      "description_kind": "plain",
                      "required": true
                    },
                    "storage": {
                      "type": "string",
                      "description_kind": "plain",
                      "optional": true
                    },
                    "type": {
                      "type": "string",
                      "description_kind": "plain",
                      "required": true
                    }
                  },
                  "description_kind": "plain"
                },
                "min_items": 1
              },
              "timeouts": {
                "nesting_mode": "single",
                "block": {
                  "attributes": {
                    "create": {
                      "type": "string",
                      "description_kind": "plain",
                      "optional": true
                    },
                    "delete": {
                      "type": "string",
                      "description_kind": "plain",
                      "optional": true
                    }
                  },
                  "description_kind": "plain"
                }
              }
            },
            "description_kind": "plain"
          }
        },
        "flexibleengine_dis_stream": {
          "version": 0,
          "block": {
            "attributes": {
              "data_duration": {
                "type": "number",
                "description_kind": "plain",
                "optional": true
              },
              "id": {
                "type": "string",
                "description_kind": "plain",
                "optional": true,
                "computed": true
              },
              "name": {
                "type": "string",
                "description_kind": "plain",
                "required": true
              },
              "partition_count": {
                "type": "number",
                "description_kind": "plain",
                "required": true
              },
              "partitions": {
                "type": [
                  "list",
                  [
                    "object",
                    {
                      "hash_range": "string",
                      "id": "string",
                      "sequence_number_range": "string",
                      "status": "string"
                    }
                  ]
                ],
                "description_kind": "plain",
                "computed": true
              },
              "region": {
                "type": "string",
                "description_kind": "plain",
                "optional": true,
                "computed": true
              },
              "status": {
                "type": "string",
                "description_kind": "plain",
                "computed": true
              },
              "type": {
                "type": "string",
                "description_kind": "plain",
                "optional": true
              }
            },
            "description_kind": "plain"
          }
        },
        "flexibleengine_dli_database": {
          "version": 0,
          "block": {
            "attributes": {
              "description": {
                "type": "string",
                "description_kind": "plain",
                "optional": true
              },
              "enterprise_project_id": {
                "type": "string",
                "description_kind": "plain",
                "optional": true,
                "computed": true
              },
              "id": {
                "type": "string",
                "description_kind": "plain",
                "optional": true,
                "computed": true
              },
              "name": {
                "type": "string",
                "description_kind": "plain",
                "required": true
              },
              "owner": {
                "type": "string",
                "description_kind": "plain",
                "optional": true,
                "computed": true
              },
              "region": {
                "type": "string",
                "description_kind": "plain",
                "optional": true,
                "computed": true
              }
            },
            "description_kind": "plain"
          }
        },
        "flexibleengine_dli_flinksql_job": {
          "version": 0,
          "block": {
            "attributes": {
              "checkpoint_enabled": {
                "type": "bool",
                "description_kind": "plain",
                "optional": true
              },
              "checkpoint_interval": {
                "type": "number",
                "description_kind": "plain",
                "optional": true
              },
              "checkpoint_mode": {
                "type": "string",
                "description_kind": "plain",
                "optional": true
              },
              "cu_number": {
                "type": "number",
                "description_kind": "plain",
                "optional": true
              },
              "description": {
                "type": "string",
                "description_kind": "plain",
                "optional": true
              },
              "dirty_data_strategy": {
                "type": "string",
                "description_kind": "plain",
                "optional": true
              },
              "edge_group_ids": {
                "type": [
                  "list",
                  "string"
                ],
                "description_kind": "plain",
                "optional": true
              },
              "id": {
                "type": "string",
                "description_kind": "plain",
                "optional": true,
                "computed": true
              },
              "idle_state_retention": {
                "type": "number",
                "description_kind": "plain",
                "optional": true
              },
              "log_enabled": {
                "type": "bool",
                "description_kind": "plain",
                "optional": true
              },
              "manager_cu_number": {
                "type": "number",
                "description_kind": "plain",
                "optional": true
              },
              "name": {
                "type": "string",
                "description_kind": "plain",
                "required": true
              },
              "obs_bucket": {
                "type": "string",
                "description_kind": "plain",
                "optional": true
              },
              "parallel_number": {
                "type": "number",
                "description_kind": "plain",
                "optional": true
              },
              "queue_name": {
                "type": "string",
                "description_kind": "plain",
                "optional": true,
                "computed": true
              },
              "region": {
                "type": "string",
                "description_kind": "plain",
                "optional": true,
                "computed": true
              },
              "restart_when_exception": {
                "type": "bool",
                "description_kind": "plain",
                "optional": true
              },
              "resume_checkpoint": {
                "type": "bool",
                "description_kind": "plain",
                "optional": true
              },
              "resume_max_num": {
                "type": "number",
                "description_kind": "plain",
                "optional": true
              },
              "run_mode": {
                "type": "string",
                "description_kind": "plain",
                "optional": true
              },
              "runtime_config": {
                "type": [
                  "map",
                  "string"
                ],
                "description_kind": "plain",
                "optional": true
              },
              "smn_topic": {
                "type": "string",
                "description_kind": "plain",
                "optional": true
              },
              "sql": {
                "type": "string",
                "description_kind": "plain",
                "optional": true
              },
              "status": {
                "type": "string",
                "description_kind": "plain",
                "computed": true
              },
              "tags": {
                "type": [
                  "map",
                  "string"
                ],
                "description_kind": "plain",
                "optional": true
              },
              "tm_cus": {
                "type": "number",
                "description_kind": "plain",
                "optional": true
              },
              "tm_slot_num": {
                "type": "number",
                "description_kind": "plain",
                "optional": true,
                "computed": true
              },
              "type": {
                "type": "string",
                "description_kind": "plain",
                "optional": true
              },
              "udf_jar_url": {
                "type": "string",
                "description_kind": "plain",
                "optional": true,
                "computed": true
              }
            },
            "block_types": {
              "timeouts": {
                "nesting_mode": "single",
                "block": {
                  "attributes": {
                    "create": {
                      "type": "string",
                      "description_kind": "plain",
                      "optional": true
                    },
                    "delete": {
                      "type": "string",
                      "description_kind": "plain",
                      "optional": true
                    },
                    "update": {
                      "type": "string",
                      "description_kind": "plain",
                      "optional": true
                    }
                  },
                  "description_kind": "plain"
                }
              }
            },
            "description_kind": "plain"
          }
        },
        "flexibleengine_dli_package": {
          "version": 0,
          "block": {
            "attributes": {
              "created_at": {
                "type": "string",
                "description_kind": "plain",
                "computed": true
              },
              "group_name": {
                "type": "string",
                "description_kind": "plain",
                "required": true
              },
              "id": {
                "type": "string",
                "description_kind": "plain",
                "optional": true,
                "computed": true
              },
              "is_async": {
                "type": "bool",
                "description_kind": "plain",
                "optional": true,
                "computed": true
              },
              "object_name": {
                "type": "string",
                "description_kind": "plain",
                "computed": true
              },
              "object_path": {
                "type": "string",
                "description_kind": "plain",
                "required": true
              },
              "owner": {
                "type": "string",
                "description_kind": "plain",
                "optional": true,
                "computed": true
              },
              "region": {
                "type": "string",
                "description_kind": "plain",
                "optional": true,
                "computed": true
              },
              "status": {
                "type": "string",
                "description_kind": "plain",
                "computed": true
              },
              "type": {
                "type": "string",
                "description_kind": "plain",
                "required": true
              },
              "updated_at": {
                "type": "string",
                "description_kind": "plain",
                "computed": true
              }
            },
            "description_kind": "plain"
          }
        },
        "flexibleengine_dli_queue": {
          "version": 0,
          "block": {
            "attributes": {
              "create_time": {
                "type": "number",
                "description_kind": "plain",
                "computed": true
              },
              "cu_count": {
                "type": "number",
                "description_kind": "plain",
                "required": true
              },
              "description": {
                "type": "string",
                "description_kind": "plain",
                "optional": true
              },
              "id": {
                "type": "string",
                "description_kind": "plain",
                "optional": true,
                "computed": true
              },
              "name": {
                "type": "string",
                "description_kind": "plain",
                "required": true
              },
              "queue_type": {
                "type": "string",
                "description_kind": "plain",
                "optional": true
              },
              "resource_mode": {
                "type": "number",
                "description_kind": "plain",
                "optional": true
              },
              "tags": {
                "type": [
                  "map",
                  "string"
                ],
                "description_kind": "plain",
                "optional": true
              }
            },
            "block_types": {
              "timeouts": {
                "nesting_mode": "single",
                "block": {
                  "attributes": {
                    "default": {
                      "type": "string",
                      "description_kind": "plain",
                      "optional": true
                    }
                  },
                  "description_kind": "plain"
                }
              }
            },
            "description_kind": "plain"
          }
        },
        "flexibleengine_dli_spark_job": {
          "version": 0,
          "block": {
            "attributes": {
              "app_name": {
                "type": "string",
                "description_kind": "plain",
                "required": true
              },
              "app_parameters": {
                "type": "string",
                "description_kind": "plain",
                "optional": true
              },
              "configurations": {
                "type": [
                  "map",
                  "string"
                ],
                "description_kind": "plain",
                "optional": true
              },
              "created_at": {
                "type": "string",
                "description_kind": "plain",
                "computed": true
              },
              "driver_cores": {
                "type": "number",
                "description_kind": "plain",
                "optional": true
              },
              "driver_memory": {
                "type": "string",
                "description_kind": "plain",
                "optional": true
              },
              "executor_cores": {
                "type": "number",
                "description_kind": "plain",
                "optional": true
              },
              "executor_memory": {
                "type": "string",
                "description_kind": "plain",
                "optional": true
              },
              "executors": {
                "type": "number",
                "description_kind": "plain",
                "optional": true
              },
              "files": {
                "type": [
                  "list",
                  "string"
                ],
                "description_kind": "plain",
                "optional": true
              },
              "id": {
                "type": "string",
                "description_kind": "plain",
                "optional": true,
                "computed": true
              },
              "jars": {
                "type": [
                  "list",
                  "string"
                ],
                "description_kind": "plain",
                "optional": true
              },
              "main_class": {
                "type": "string",
                "description_kind": "plain",
                "optional": true
              },
              "max_retries": {
                "type": "number",
                "description_kind": "plain",
                "optional": true
              },
              "modules": {
                "type": [
                  "list",
                  "string"
                ],
                "description_kind": "plain",
                "optional": true
              },
              "name": {
                "type": "string",
                "description_kind": "plain",
                "required": true
              },
              "owner": {
                "type": "string",
                "description_kind": "plain",
                "computed": true
              },
              "python_files": {
                "type": [
                  "list",
                  "string"
                ],
                "description_kind": "plain",
                "optional": true
              },
              "queue_name": {
                "type": "string",
                "description_kind": "plain",
                "required": true
              },
              "region": {
                "type": "string",
                "description_kind": "plain",
                "optional": true,
                "computed": true
              },
              "specification": {
                "type": "string",
                "description_kind": "plain",
                "optional": true
              }
            },
            "block_types": {
              "dependent_packages": {
                "nesting_mode": "list",
                "block": {
                  "attributes": {
                    "group_name": {
                      "type": "string",
                      "description_kind": "plain",
                      "required": true
                    }
                  },
                  "block_types": {
                    "packages": {
                      "nesting_mode": "list",
                      "block": {
                        "attributes": {
                          "package_name": {
                            "type": "string",
                            "description_kind": "plain",
                            "required": true
                          },
                          "type": {
                            "type": "string",
                            "description_kind": "plain",
                            "required": true
                          }
                        },
                        "description_kind": "plain"
                      },
                      "min_items": 1
                    }
                  },
                  "description_kind": "plain"
                }
              },
              "timeouts": {
                "nesting_mode": "single",
                "block": {
                  "attributes": {
                    "delete": {
                      "type": "string",
                      "description_kind": "plain",
                      "optional": true
                    }
                  },
                  "description_kind": "plain"
                }
              }
            },
            "description_kind": "plain"
          }
        },
        "flexibleengine_dli_table": {
          "version": 0,
          "block": {
            "attributes": {
              "bucket_location": {
                "type": "string",
                "description_kind": "plain",
                "optional": true,
                "computed": true
              },
              "data_format": {
                "type": "string",
                "description_kind": "plain",
                "optional": true,
                "computed": true
              },
              "data_location": {
                "type": "string",
                "description_kind": "plain",
                "required": true
              },
              "database_name": {
                "type": "string",
                "description_kind": "plain",
                "required": true
              },
              "date_format": {
                "type": "string",
                "description_kind": "plain",
                "optional": true,
                "computed": true
              },
              "delimiter": {
                "type": "string",
                "description_kind": "plain",
                "optional": true,
                "computed": true
              },
              "description": {
                "type": "string",
                "description_kind": "plain",
                "optional": true
              },
              "escape_char": {
                "type": "string",
                "description_kind": "plain",
                "optional": true,
                "computed": true
              },
              "id": {
                "type": "string",
                "description_kind": "plain",
                "optional": true,
                "computed": true
              },
              "name": {
                "type": "string",
                "description_kind": "plain",
                "required": true
              },
              "quote_char": {
                "type": "string",
                "description_kind": "plain",
                "optional": true,
                "computed": true
              },
              "region": {
                "type": "string",
                "description_kind": "plain",
                "optional": true,
                "computed": true
              },
              "timestamp_format": {
                "type": "string",
                "description_kind": "plain",
                "optional": true,
                "computed": true
              },
              "with_column_header": {
                "type": "bool",
                "description_kind": "plain",
                "optional": true,
                "computed": true
              }
            },
            "block_types": {
              "columns": {
                "nesting_mode": "list",
                "block": {
                  "attributes": {
                    "description": {
                      "type": "string",
                      "description_kind": "plain",
                      "optional": true
                    },
                    "is_partition": {
                      "type": "bool",
                      "description_kind": "plain",
                      "optional": true
                    },
                    "name": {
                      "type": "string",
                      "description_kind": "plain",
                      "required": true
                    },
                    "type": {
                      "type": "string",
                      "description_kind": "plain",
                      "required": true
                    }
                  },
                  "description_kind": "plain"
                }
              },
              "timeouts": {
                "nesting_mode": "single",
                "block": {
                  "attributes": {
                    "delete": {
                      "type": "string",
                      "description_kind": "plain",
                      "optional": true
                    }
                  },
                  "description_kind": "plain"
                }
              }
            },
            "description_kind": "plain"
          }
        },
        "flexibleengine_dms_kafka_instance": {
          "version": 0,
          "block": {
            "attributes": {
              "access_user": {
                "type": "string",
                "description_kind": "plain",
                "optional": true
              },
              "availability_zones": {
                "type": [
                  "set",
                  "string"
                ],
                "description_kind": "plain",
                "required": true
              },
              "bandwidth": {
                "type": "string",
                "description_kind": "plain",
                "required": true
              },
              "connect_address": {
                "type": "string",
                "description_kind": "plain",
                "computed": true
              },
              "created_at": {
                "type": "string",
                "description_kind": "plain",
                "computed": true
              },
              "description": {
                "type": "string",
                "description_kind": "plain",
                "optional": true
              },
              "enable_auto_topic": {
                "type": "bool",
                "description_kind": "plain",
                "optional": true
              },
              "engine": {
                "type": "string",
                "description_kind": "plain",
                "computed": true
              },
              "engine_type": {
                "type": "string",
                "description_kind": "plain",
                "computed": true
              },
              "engine_version": {
                "type": "string",
                "description_kind": "plain",
                "optional": true
              },
              "id": {
                "type": "string",
                "description_kind": "plain",
                "optional": true,
                "computed": true
              },
              "maintain_begin": {
                "type": "string",
                "description_kind": "plain",
                "optional": true,
                "computed": true
              },
              "maintain_end": {
                "type": "string",
                "description_kind": "plain",
                "optional": true,
                "computed": true
              },
              "manager_password": {
                "type": "string",
                "description_kind": "plain",
                "optional": true,
                "sensitive": true
              },
              "manager_user": {
                "type": "string",
                "description_kind": "plain",
                "optional": true
              },
              "manegement_connect_address": {
                "type": "string",
                "description_kind": "plain",
                "computed": true
              },
              "name": {
                "type": "string",
                "description_kind": "plain",
                "required": true
              },
              "network_id": {
                "type": "string",
                "description_kind": "plain",
                "required": true
              },
              "node_num": {
                "type": "number",
                "description_kind": "plain",
                "computed": true
              },
              "partition_num": {
                "type": "number",
                "description_kind": "plain",
                "computed": true
              },
              "password": {
                "type": "string",
                "description_kind": "plain",
                "optional": true,
                "sensitive": true
              },
              "port": {
                "type": "number",
                "description_kind": "plain",
                "computed": true
              },
              "product_id": {
                "type": "string",
                "description_kind": "plain",
                "required": true
              },
              "product_spec_code": {
                "type": "string",
                "description_kind": "plain",
                "computed": true
              },
              "region": {
                "type": "string",
                "description_kind": "plain",
                "optional": true,
                "computed": true
              },
              "security_group_id": {
                "type": "string",
                "description_kind": "plain",
                "required": true
              },
              "security_group_name": {
                "type": "string",
                "description_kind": "plain",
                "computed": true
              },
              "ssl_enable": {
                "type": "bool",
                "description_kind": "plain",
                "computed": true
              },
              "status": {
                "type": "string",
                "description_kind": "plain",
                "computed": true
              },
              "storage_space": {
                "type": "number",
                "description_kind": "plain",
                "required": true
              },
              "storage_spec_code": {
                "type": "string",
                "description_kind": "plain",
                "optional": true
              },
              "subnet_name": {
                "type": "string",
                "description_kind": "plain",
                "computed": true
              },
              "tags": {
                "type": [
                  "map",
                  "string"
                ],
                "description_kind": "plain",
                "optional": true
              },
              "used_storage_space": {
                "type": "number",
                "description_kind": "plain",
                "computed": true
              },
              "vpc_id": {
                "type": "string",
                "description_kind": "plain",
                "required": true
              },
              "vpc_name": {
                "type": "string",
                "description_kind": "plain",
                "computed": true
              }
            },
            "block_types": {
              "timeouts": {
                "nesting_mode": "single",
                "block": {
                  "attributes": {
                    "create": {
                      "type": "string",
                      "description_kind": "plain",
                      "optional": true
                    },
                    "delete": {
                      "type": "string",
                      "description_kind": "plain",
                      "optional": true
                    }
                  },
                  "description_kind": "plain"
                }
              }
            },
            "description_kind": "plain"
          }
        },
        "flexibleengine_dms_kafka_topic": {
          "version": 0,
          "block": {
            "attributes": {
              "aging_time": {
                "type": "number",
                "description_kind": "plain",
                "optional": true,
                "computed": true
              },
              "id": {
                "type": "string",
                "description_kind": "plain",
                "optional": true,
                "computed": true
              },
              "instance_id": {
                "type": "string",
                "description_kind": "plain",
                "required": true
              },
              "name": {
                "type": "string",
                "description_kind": "plain",
                "required": true
              },
              "partitions": {
                "type": "number",
                "description_kind": "plain",
                "optional": true,
                "computed": true
              },
              "region": {
                "type": "string",
                "description_kind": "plain",
                "optional": true,
                "computed": true
              },
              "replicas": {
                "type": "number",
                "description_kind": "plain",
                "optional": true,
                "computed": true
              },
              "sync_flushing": {
                "type": "bool",
                "description_kind": "plain",
                "optional": true,
                "computed": true
              },
              "sync_replication": {
                "type": "bool",
                "description_kind": "plain",
                "optional": true,
                "computed": true
              }
            },
            "description_kind": "plain"
          }
        },
        "flexibleengine_dms_kafka_user": {
          "version": 0,
          "block": {
            "attributes": {
              "id": {
                "type": "string",
                "description_kind": "plain",
                "optional": true,
                "computed": true
              },
              "instance_id": {
                "type": "string",
                "description_kind": "plain",
                "required": true
              },
              "name": {
                "type": "string",
                "description_kind": "plain",
                "required": true
              },
              "password": {
                "type": "string",
                "description_kind": "plain",
                "required": true,
                "sensitive": true
              },
              "region": {
                "type": "string",
                "description_kind": "plain",
                "optional": true,
                "computed": true
              }
            },
            "description_kind": "plain"
          }
        },
        "flexibleengine_dms_rocketmq_consumer_group": {
          "version": 0,
          "block": {
            "attributes": {
              "broadcast": {
                "type": "bool",
                "description": "Specifies whether to broadcast of the consumer group.",
                "description_kind": "plain",
                "optional": true,
                "computed": true
              },
              "brokers": {
                "type": [
                  "list",
                  "string"
                ],
                "description": "Specifies the list of associated brokers of the consumer group.",
                "description_kind": "plain",
                "required": true
              },
              "enabled": {
                "type": "bool",
                "description": "Specifies the consumer group is enabled or not. Default to true.",
                "description_kind": "plain",
                "optional": true,
                "computed": true
              },
              "id": {
                "type": "string",
                "description_kind": "plain",
                "optional": true,
                "computed": true
              },
              "instance_id": {
                "type": "string",
                "description": "Specifies the ID of the rocketMQ instance.",
                "description_kind": "plain",
                "required": true
              },
              "name": {
                "type": "string",
                "description": "Specifies the name of the consumer group.",
                "description_kind": "plain",
                "required": true
              },
              "region": {
                "type": "string",
                "description_kind": "plain",
                "optional": true,
                "computed": true
              },
              "retry_max_times": {
                "type": "number",
                "description": "Specifies the maximum number of retry times.",
                "description_kind": "plain",
                "required": true
              }
            },
            "description_kind": "plain"
          }
        },
        "flexibleengine_dms_rocketmq_instance": {
          "version": 0,
          "block": {
            "attributes": {
              "availability_zones": {
                "type": [
                  "set",
                  "string"
                ],
                "description": "Specifies the list of availability zone names",
                "description_kind": "plain",
                "required": true
              },
              "broker_address": {
                "type": "string",
                "description": "Indicates the service data address.",
                "description_kind": "plain",
                "computed": true
              },
              "broker_num": {
                "type": "number",
                "description": "Specifies the broker numbers.",
                "description_kind": "plain",
                "optional": true
              },
              "cross_vpc_accesses": {
                "type": [
                  "list",
                  [
                    "object",
                    {
                      "advertised_ip": "string",
                      "lisenter_ip": "string",
                      "listener_ip": "string",
                      "port": "number",
                      "port_id": "string"
                    }
                  ]
                ],
                "description_kind": "plain",
                "computed": true
              },
              "description": {
                "type": "string",
                "description": "Specifies the description of the DMS RocketMQ instance.",
                "description_kind": "plain",
                "optional": true,
                "computed": true
              },
              "enable_acl": {
                "type": "bool",
                "description": "Specifies whether access control is enabled.",
                "description_kind": "plain",
                "optional": true,
                "computed": true
              },
              "enable_publicip": {
                "type": "bool",
                "description": "Specifies whether to enable public access.",
                "description_kind": "plain",
                "optional": true
              },
              "engine_version": {
                "type": "string",
                "description": "Specifies the version of the RocketMQ engine.",
                "description_kind": "plain",
                "required": true
              },
              "enterprise_project_id": {
                "type": "string",
                "description": "Specifies the enterprise project id of the instance.",
                "description_kind": "plain",
                "optional": true,
                "computed": true
              },
              "flavor_id": {
                "type": "string",
                "description": "Specifies a product ID",
                "description_kind": "plain",
                "required": true
              },
              "id": {
                "type": "string",
                "description_kind": "plain",
                "optional": true,
                "computed": true
              },
              "ipv6_enable": {
                "type": "bool",
                "description": "Specifies whether to support IPv6",
                "description_kind": "plain",
                "optional": true
              },
              "maintain_begin": {
                "type": "string",
                "description": "Indicates the time at which the maintenance window starts. The format is HH:mm:ss.",
                "description_kind": "plain",
                "computed": true
              },
              "maintain_end": {
                "type": "string",
                "description": "Indicates the time at which the maintenance window ends. The format is HH:mm:ss.",
                "description_kind": "plain",
                "computed": true
              },
              "name": {
                "type": "string",
                "description": "Specifies the name of the DMS RocketMQ instance",
                "description_kind": "plain",
                "required": true
              },
              "namesrv_address": {
                "type": "string",
                "description": "Indicates the metadata address.",
                "description_kind": "plain",
                "computed": true
              },
              "new_spec_billing_enable": {
                "type": "bool",
                "description": "Indicates whether billing based on new specifications is enabled.",
                "description_kind": "plain",
                "computed": true
              },
              "node_num": {
                "type": "number",
                "description": "Indicates the node quantity.",
                "description_kind": "plain",
                "computed": true
              },
              "public_broker_address": {
                "type": "string",
                "description": "Indicates the public network service data address.",
                "description_kind": "plain",
                "computed": true
              },
              "public_namesrv_address": {
                "type": "string",
                "description": "Indicates the public network metadata address.",
                "description_kind": "plain",
                "computed": true
              },
              "publicip_address": {
                "type": "string",
                "description": "Indicates the public IP address.",
                "description_kind": "plain",
                "computed": true
              },
              "publicip_id": {
                "type": "string",
                "description": "Specifies the ID of the EIP bound to the instance.",
                "description_kind": "plain",
                "optional": true,
                "computed": true
              },
              "region": {
                "type": "string",
                "description_kind": "plain",
                "optional": true,
                "computed": true
              },
              "resource_spec_code": {
                "type": "string",
                "description": "Indicates the resource specifications.",
                "description_kind": "plain",
                "computed": true
              },
              "retention_policy": {
                "type": "bool",
                "description": "Specifies whether access control is enabled.",
                "description_kind": "plain",
                "deprecated": true,
                "optional": true,
                "computed": true
              },
              "security_group_id": {
                "type": "string",
                "description": "Specifies the ID of a security group",
                "description_kind": "plain",
                "required": true
              },
              "specification": {
                "type": "string",
                "description": "Indicates the instance specification. For a cluster DMS RocketMQ instance, VM specifications\n  and the number of nodes are returned.",
                "description_kind": "plain",
                "computed": true
              },
              "ssl_enable": {
                "type": "bool",
                "description": "Specifies whether the RocketMQ SASL_SSL is enabled.",
                "description_kind": "plain",
                "optional": true,
                "computed": true
              },
              "status": {
                "type": "string",
                "description": "Indicates the status of the DMS RocketMQ instance.",
                "description_kind": "plain",
                "computed": true
              },
              "storage_space": {
                "type": "number",
                "description": "Specifies the message storage capacity, Unit: GB.",
                "description_kind": "plain",
                "required": true
              },
              "storage_spec_code": {
                "type": "string",
                "description": "Specifies the storage I/O specification",
                "description_kind": "plain",
                "required": true
              },
              "subnet_id": {
                "type": "string",
                "description": "Specifies the ID of a subnet",
                "description_kind": "plain",
                "required": true
              },
              "type": {
                "type": "string",
                "description": "Indicates the DMS RocketMQ instance type. Value: cluster.",
                "description_kind": "plain",
                "computed": true
              },
              "used_storage_space": {
                "type": "number",
                "description": "Indicates the used message storage space. Unit: GB.",
                "description_kind": "plain",
                "computed": true
              },
              "vpc_id": {
                "type": "string",
                "description": "Specifies the ID of a VPC",
                "description_kind": "plain",
                "required": true
              }
            },
            "block_types": {
              "timeouts": {
                "nesting_mode": "single",
                "block": {
                  "attributes": {
                    "create": {
                      "type": "string",
                      "description_kind": "plain",
                      "optional": true
                    },
                    "delete": {
                      "type": "string",
                      "description_kind": "plain",
                      "optional": true
                    },
                    "update": {
                      "type": "string",
                      "description_kind": "plain",
                      "optional": true
                    }
                  },
                  "description_kind": "plain"
                }
              }
            },
            "description_kind": "plain"
          }
        },
        "flexibleengine_dms_rocketmq_topic": {
          "version": 0,
          "block": {
            "attributes": {
              "id": {
                "type": "string",
                "description_kind": "plain",
                "optional": true,
                "computed": true
              },
              "instance_id": {
                "type": "string",
                "description_kind": "plain",
                "required": true
              },
              "name": {
                "type": "string",
                "description": "Specifies the name of the topic.",
                "description_kind": "plain",
                "required": true
              },
              "permission": {
                "type": "string",
                "description": "Specifies the permissions of the topic.",
                "description_kind": "plain",
                "optional": true,
                "computed": true
              },
              "queue_num": {
                "type": "number",
                "description": "Specifies the number of queues.",
                "description_kind": "plain",
                "optional": true,
                "computed": true
              },
              "region": {
                "type": "string",
                "description_kind": "plain",
                "optional": true,
                "computed": true
              },
              "total_read_queue_num": {
                "type": "number",
                "description": "Specifies the total number of read queues.",
                "description_kind": "plain",
                "optional": true,
                "computed": true
              },
              "total_write_queue_num": {
                "type": "number",
                "description": "Specifies the total number of write queues.",
                "description_kind": "plain",
                "optional": true,
                "computed": true
              }
            },
            "block_types": {
              "brokers": {
                "nesting_mode": "list",
                "block": {
                  "attributes": {
                    "name": {
                      "type": "string",
                      "description": "Indicates the name of the broker.",
                      "description_kind": "plain",
                      "optional": true,
                      "computed": true
                    },
                    "read_queue_num": {
                      "type": "number",
                      "description": "Indicates the read queues number of the broker.",
                      "description_kind": "plain",
                      "computed": true
                    },
                    "write_queue_num": {
                      "type": "number",
                      "description": "Indicates the read queues number of the broker.",
                      "description_kind": "plain",
                      "computed": true
                    }
                  },
                  "description": "Specifies the list of associated brokers of the topic.",
                  "description_kind": "plain"
                }
              }
            },
            "description_kind": "plain"
          }
        },
        "flexibleengine_dms_rocketmq_user": {
          "version": 0,
          "block": {
            "attributes": {
              "access_key": {
                "type": "string",
                "description": "Specifies the access key of the user.",
                "description_kind": "plain",
                "required": true
              },
              "admin": {
                "type": "bool",
                "description": "Specifies whether the user is an administrator.",
                "description_kind": "plain",
                "optional": true,
                "computed": true
              },
              "default_group_perm": {
                "type": "string",
                "description": "Specifies the default consumer group permissions.\nValue options: **PUB|SUB**, **PUB**, **SUB**, **DENY**.",
                "description_kind": "plain",
                "optional": true,
                "computed": true
              },
              "default_topic_perm": {
                "type": "string",
                "description": "Specifies the default topic permissions.\nValue options: **PUB|SUB**, **PUB**, **SUB**, **DENY**.",
                "description_kind": "plain",
                "optional": true,
                "computed": true
              },
              "id": {
                "type": "string",
                "description_kind": "plain",
                "optional": true,
                "computed": true
              },
              "instance_id": {
                "type": "string",
                "description": "Specifies the ID of the rocketMQ instance.",
                "description_kind": "plain",
                "required": true
              },
              "region": {
                "type": "string",
                "description_kind": "plain",
                "optional": true,
                "computed": true
              },
              "secret_key": {
                "type": "string",
                "description": "Specifies the secret key of the user.",
                "description_kind": "plain",
                "required": true
              },
              "white_remote_address": {
                "type": "string",
                "description": "Specifies the IP address whitelist.",
                "description_kind": "plain",
                "optional": true,
                "computed": true
              }
            },
            "block_types": {
              "group_perms": {
                "nesting_mode": "list",
                "block": {
                  "attributes": {
                    "name": {
                      "type": "string",
                      "description": "Indicates the name of a topic or consumer group.",
                      "description_kind": "plain",
                      "optional": true,
                      "computed": true
                    },
                    "perm": {
                      "type": "string",
                      "description": "Indicates the permissions of the topic or consumer group.\nValue options: **PUB|SUB**, **PUB**, **SUB**, **DENY**.",
                      "description_kind": "plain",
                      "optional": true,
                      "computed": true
                    }
                  },
                  "description": "Specifies the special consumer group permissions.",
                  "description_kind": "plain"
                }
              },
              "topic_perms": {
                "nesting_mode": "list",
                "block": {
                  "attributes": {
                    "name": {
                      "type": "string",
                      "description": "Indicates the name of a topic or consumer group.",
                      "description_kind": "plain",
                      "optional": true,
                      "computed": true
                    },
                    "perm": {
                      "type": "string",
                      "description": "Indicates the permissions of the topic or consumer group.\nValue options: **PUB|SUB**, **PUB**, **SUB**, **DENY**.",
                      "description_kind": "plain",
                      "optional": true,
                      "computed": true
                    }
                  },
                  "description": "Specifies the special topic permissions.",
                  "description_kind": "plain"
                }
              }
            },
            "description_kind": "plain"
          }
        },
        "flexibleengine_dns_ptrrecord_v2": {
          "version": 0,
          "block": {
            "attributes": {
              "address": {
                "type": "string",
                "description_kind": "plain",
                "computed": true
              },
              "description": {
                "type": "string",
                "description_kind": "plain",
                "optional": true
              },
              "floatingip_id": {
                "type": "string",
                "description_kind": "plain",
                "required": true
              },
              "id": {
                "type": "string",
                "description_kind": "plain",
                "optional": true,
                "computed": true
              },
              "name": {
                "type": "string",
                "description_kind": "plain",
                "required": true
              },
              "region": {
                "type": "string",
                "description_kind": "plain",
                "optional": true,
                "computed": true
              },
              "tags": {
                "type": [
                  "map",
                  "string"
                ],
                "description_kind": "plain",
                "optional": true
              },
              "ttl": {
                "type": "number",
                "description_kind": "plain",
                "optional": true
              }
            },
            "block_types": {
              "timeouts": {
                "nesting_mode": "single",
                "block": {
                  "attributes": {
                    "create": {
                      "type": "string",
                      "description_kind": "plain",
                      "optional": true
                    },
                    "delete": {
                      "type": "string",
                      "description_kind": "plain",
                      "optional": true
                    },
                    "update": {
                      "type": "string",
                      "description_kind": "plain",
                      "optional": true
                    }
                  },
                  "description_kind": "plain"
                }
              }
            },
            "description_kind": "plain"
          }
        },
        "flexibleengine_dns_recordset_v2": {
          "version": 0,
          "block": {
            "attributes": {
              "description": {
                "type": "string",
                "description_kind": "plain",
                "optional": true
              },
              "id": {
                "type": "string",
                "description_kind": "plain",
                "optional": true,
                "computed": true
              },
              "name": {
                "type": "string",
                "description_kind": "plain",
                "required": true
              },
              "records": {
                "type": [
                  "set",
                  "string"
                ],
                "description_kind": "plain",
                "required": true
              },
              "region": {
                "type": "string",
                "description_kind": "plain",
                "optional": true,
                "computed": true
              },
              "tags": {
                "type": [
                  "map",
                  "string"
                ],
                "description_kind": "plain",
                "optional": true
              },
              "ttl": {
                "type": "number",
                "description_kind": "plain",
                "optional": true
              },
              "type": {
                "type": "string",
                "description_kind": "plain",
                "required": true
              },
              "value_specs": {
                "type": [
                  "map",
                  "string"
                ],
                "description_kind": "plain",
                "optional": true
              },
              "zone_id": {
                "type": "string",
                "description_kind": "plain",
                "required": true
              }
            },
            "block_types": {
              "timeouts": {
                "nesting_mode": "single",
                "block": {
                  "attributes": {
                    "create": {
                      "type": "string",
                      "description_kind": "plain",
                      "optional": true
                    },
                    "delete": {
                      "type": "string",
                      "description_kind": "plain",
                      "optional": true
                    },
                    "update": {
                      "type": "string",
                      "description_kind": "plain",
                      "optional": true
                    }
                  },
                  "description_kind": "plain"
                }
              }
            },
            "description_kind": "plain"
          }
        },
        "flexibleengine_dns_zone_v2": {
          "version": 0,
          "block": {
            "attributes": {
              "description": {
                "type": "string",
                "description_kind": "plain",
                "optional": true
              },
              "email": {
                "type": "string",
                "description_kind": "plain",
                "optional": true
              },
              "id": {
                "type": "string",
                "description_kind": "plain",
                "optional": true,
                "computed": true
              },
              "masters": {
                "type": [
                  "set",
                  "string"
                ],
                "description_kind": "plain",
                "computed": true
              },
              "name": {
                "type": "string",
                "description_kind": "plain",
                "required": true
              },
              "region": {
                "type": "string",
                "description_kind": "plain",
                "optional": true,
                "computed": true
              },
              "tags": {
                "type": [
                  "map",
                  "string"
                ],
                "description_kind": "plain",
                "optional": true
              },
              "ttl": {
                "type": "number",
                "description_kind": "plain",
                "optional": true
              },
              "value_specs": {
                "type": [
                  "map",
                  "string"
                ],
                "description_kind": "plain",
                "optional": true
              },
              "zone_type": {
                "type": "string",
                "description_kind": "plain",
                "optional": true
              }
            },
            "block_types": {
              "router": {
                "nesting_mode": "set",
                "block": {
                  "attributes": {
                    "router_id": {
                      "type": "string",
                      "description_kind": "plain",
                      "required": true
                    },
                    "router_region": {
                      "type": "string",
                      "description_kind": "plain",
                      "optional": true
                    }
                  },
                  "description_kind": "plain"
                }
              },
              "timeouts": {
                "nesting_mode": "single",
                "block": {
                  "attributes": {
                    "create": {
                      "type": "string",
                      "description_kind": "plain",
                      "optional": true
                    },
                    "delete": {
                      "type": "string",
                      "description_kind": "plain",
                      "optional": true
                    },
                    "update": {
                      "type": "string",
                      "description_kind": "plain",
                      "optional": true
                    }
                  },
                  "description_kind": "plain"
                }
              }
            },
            "description_kind": "plain"
          }
        },
        "flexibleengine_drs_job": {
          "version": 0,
          "block": {
            "attributes": {
              "created_at": {
                "type": "string",
                "description_kind": "plain",
                "computed": true
              },
              "description": {
                "type": "string",
                "description_kind": "plain",
                "optional": true
              },
              "destination_db_readnoly": {
                "type": "bool",
                "description_kind": "plain",
                "optional": true
              },
              "direction": {
                "type": "string",
                "description_kind": "plain",
                "required": true
              },
              "engine_type": {
                "type": "string",
                "description_kind": "plain",
                "required": true
              },
              "enterprise_project_id": {
                "type": "string",
                "description_kind": "plain",
                "optional": true
              },
              "expired_days": {
                "type": "number",
                "description_kind": "plain",
                "optional": true
              },
              "force_destroy": {
                "type": "bool",
                "description_kind": "plain",
                "optional": true
              },
              "id": {
                "type": "string",
                "description_kind": "plain",
                "optional": true,
                "computed": true
              },
              "migrate_definer": {
                "type": "bool",
                "description_kind": "plain",
                "optional": true
              },
              "migration_type": {
                "type": "string",
                "description_kind": "plain",
                "optional": true
              },
              "multi_write": {
                "type": "bool",
                "description_kind": "plain",
                "optional": true
              },
              "name": {
                "type": "string",
                "description_kind": "plain",
                "required": true
              },
              "net_type": {
                "type": "string",
                "description_kind": "plain",
                "optional": true
              },
              "private_ip": {
                "type": "string",
                "description_kind": "plain",
                "computed": true
              },
              "public_ip": {
                "type": "string",
                "description_kind": "plain",
                "computed": true
              },
              "region": {
                "type": "string",
                "description_kind": "plain",
                "optional": true,
                "computed": true
              },
              "start_time": {
                "type": "string",
                "description_kind": "plain",
                "optional": true
              },
              "status": {
                "type": "string",
                "description_kind": "plain",
                "computed": true
              },
              "tags": {
                "type": [
                  "map",
                  "string"
                ],
                "description_kind": "plain",
                "optional": true
              },
              "type": {
                "type": "string",
                "description_kind": "plain",
                "required": true
              }
            },
            "block_types": {
              "destination_db": {
                "nesting_mode": "list",
                "block": {
                  "attributes": {
                    "engine_type": {
                      "type": "string",
                      "description_kind": "plain",
                      "required": true
                    },
                    "instance_id": {
                      "type": "string",
                      "description_kind": "plain",
                      "optional": true
                    },
                    "ip": {
                      "type": "string",
                      "description_kind": "plain",
                      "required": true
                    },
                    "name": {
                      "type": "string",
                      "description_kind": "plain",
                      "optional": true,
                      "computed": true
                    },
                    "password": {
                      "type": "string",
                      "description_kind": "plain",
                      "required": true,
                      "sensitive": true
                    },
                    "port": {
                      "type": "number",
                      "description_kind": "plain",
                      "required": true
                    },
                    "region": {
                      "type": "string",
                      "description_kind": "plain",
                      "optional": true,
                      "computed": true
                    },
                    "ssl_cert_check_sum": {
                      "type": "string",
                      "description_kind": "plain",
                      "optional": true
                    },
                    "ssl_cert_key": {
                      "type": "string",
                      "description_kind": "plain",
                      "optional": true
                    },
                    "ssl_cert_name": {
                      "type": "string",
                      "description_kind": "plain",
                      "optional": true
                    },
                    "ssl_cert_password": {
                      "type": "string",
                      "description_kind": "plain",
                      "optional": true
                    },
                    "ssl_enabled": {
                      "type": "bool",
                      "description_kind": "plain",
                      "optional": true
                    },
                    "subnet_id": {
                      "type": "string",
                      "description_kind": "plain",
                      "optional": true
                    },
                    "user": {
                      "type": "string",
                      "description_kind": "plain",
                      "required": true
                    }
                  },
                  "description_kind": "plain"
                },
                "min_items": 1,
                "max_items": 1
              },
              "limit_speed": {
                "nesting_mode": "list",
                "block": {
                  "attributes": {
                    "end_time": {
                      "type": "string",
                      "description_kind": "plain",
                      "required": true
                    },
                    "speed": {
                      "type": "string",
                      "description_kind": "plain",
                      "required": true
                    },
                    "start_time": {
                      "type": "string",
                      "description_kind": "plain",
                      "required": true
                    }
                  },
                  "description_kind": "plain"
                },
                "max_items": 3
              },
              "source_db": {
                "nesting_mode": "list",
                "block": {
                  "attributes": {
                    "engine_type": {
                      "type": "string",
                      "description_kind": "plain",
                      "required": true
                    },
                    "instance_id": {
                      "type": "string",
                      "description_kind": "plain",
                      "optional": true
                    },
                    "ip": {
                      "type": "string",
                      "description_kind": "plain",
                      "required": true
                    },
                    "name": {
                      "type": "string",
                      "description_kind": "plain",
                      "optional": true,
                      "computed": true
                    },
                    "password": {
                      "type": "string",
                      "description_kind": "plain",
                      "required": true,
                      "sensitive": true
                    },
                    "port": {
                      "type": "number",
                      "description_kind": "plain",
                      "required": true
                    },
                    "region": {
                      "type": "string",
                      "description_kind": "plain",
                      "optional": true,
                      "computed": true
                    },
                    "ssl_cert_check_sum": {
                      "type": "string",
                      "description_kind": "plain",
                      "optional": true
                    },
                    "ssl_cert_key": {
                      "type": "string",
                      "description_kind": "plain",
                      "optional": true
                    },
                    "ssl_cert_name": {
                      "type": "string",
                      "description_kind": "plain",
                      "optional": true
                    },
                    "ssl_cert_password": {
                      "type": "string",
                      "description_kind": "plain",
                      "optional": true
                    },
                    "ssl_enabled": {
                      "type": "bool",
                      "description_kind": "plain",
                      "optional": true
                    },
                    "subnet_id": {
                      "type": "string",
                      "description_kind": "plain",
                      "optional": true
                    },
                    "user": {
                      "type": "string",
                      "description_kind": "plain",
                      "required": true
                    }
                  },
                  "description_kind": "plain"
                },
                "min_items": 1,
                "max_items": 1
              },
              "timeouts": {
                "nesting_mode": "single",
                "block": {
                  "attributes": {
                    "create": {
                      "type": "string",
                      "description_kind": "plain",
                      "optional": true
                    },
                    "delete": {
                      "type": "string",
                      "description_kind": "plain",
                      "optional": true
                    }
                  },
                  "description_kind": "plain"
                }
              }
            },
            "description_kind": "plain"
          }
        },
        "flexibleengine_drs_replication_v2": {
          "version": 0,
          "block": {
            "attributes": {
              "created_at": {
                "type": "string",
                "description_kind": "plain",
                "computed": true
              },
              "description": {
                "type": "string",
                "description_kind": "plain",
                "optional": true
              },
              "failure_detail": {
                "type": "string",
                "description_kind": "plain",
                "computed": true
              },
              "fault_level": {
                "type": "string",
                "description_kind": "plain",
                "computed": true
              },
              "id": {
                "type": "string",
                "description_kind": "plain",
                "optional": true,
                "computed": true
              },
              "name": {
                "type": "string",
                "description_kind": "plain",
                "optional": true
              },
              "priority_station": {
                "type": "string",
                "description_kind": "plain",
                "required": true
              },
              "progress": {
                "type": "string",
                "description_kind": "plain",
                "computed": true
              },
              "record_metadata": {
                "type": "string",
                "description_kind": "plain",
                "computed": true
              },
              "replication_consistency_group_id": {
                "type": "string",
                "description_kind": "plain",
                "computed": true
              },
              "replication_model": {
                "type": "string",
                "description_kind": "plain",
                "optional": true
              },
              "replication_status": {
                "type": "string",
                "description_kind": "plain",
                "computed": true
              },
              "status": {
                "type": "string",
                "description_kind": "plain",
                "computed": true
              },
              "updated_at": {
                "type": "string",
                "description_kind": "plain",
                "computed": true
              },
              "volume_ids": {
                "type": [
                  "list",
                  "string"
                ],
                "description_kind": "plain",
                "required": true
              }
            },
            "description_kind": "plain",
            "deprecated": true
          }
        },
        "flexibleengine_drs_replicationconsistencygroup_v2": {
          "version": 0,
          "block": {
            "attributes": {
              "created_at": {
                "type": "string",
                "description_kind": "plain",
                "computed": true
              },
              "description": {
                "type": "string",
                "description_kind": "plain",
                "optional": true
              },
              "failure_detail": {
                "type": "string",
                "description_kind": "plain",
                "computed": true
              },
              "fault_level": {
                "type": "string",
                "description_kind": "plain",
                "computed": true
              },
              "id": {
                "type": "string",
                "description_kind": "plain",
                "optional": true,
                "computed": true
              },
              "name": {
                "type": "string",
                "description_kind": "plain",
                "optional": true
              },
              "priority_station": {
                "type": "string",
                "description_kind": "plain",
                "required": true
              },
              "replication_ids": {
                "type": [
                  "set",
                  "string"
                ],
                "description_kind": "plain",
                "required": true
              },
              "replication_model": {
                "type": "string",
                "description_kind": "plain",
                "optional": true
              },
              "replication_status": {
                "type": "string",
                "description_kind": "plain",
                "computed": true
              },
              "status": {
                "type": "string",
                "description_kind": "plain",
                "computed": true
              },
              "updated_at": {
                "type": "string",
                "description_kind": "plain",
                "computed": true
              }
            },
            "description_kind": "plain",
            "deprecated": true
          }
        },
        "flexibleengine_dws_cluster_v1": {
          "version": 0,
          "block": {
            "attributes": {
              "availability_zone": {
                "type": "string",
                "description_kind": "plain",
                "optional": true,
                "computed": true
              },
              "created": {
                "type": "string",
                "description_kind": "plain",
                "computed": true
              },
              "endpoints": {
                "type": [
                  "list",
                  [
                    "object",
                    {
                      "connect_info": "string",
                      "jdbc_url": "string"
                    }
                  ]
                ],
                "description_kind": "plain",
                "computed": true
              },
              "id": {
                "type": "string",
                "description_kind": "plain",
                "optional": true,
                "computed": true
              },
              "name": {
                "type": "string",
                "description_kind": "plain",
                "required": true
              },
              "node_type": {
                "type": "string",
                "description_kind": "plain",
                "required": true
              },
              "number_of_node": {
                "type": "number",
                "description_kind": "plain",
                "required": true
              },
              "port": {
                "type": "number",
                "description_kind": "plain",
                "optional": true,
                "computed": true
              },
              "private_ip": {
                "type": [
                  "list",
                  "string"
                ],
                "description_kind": "plain",
                "computed": true
              },
              "public_endpoints": {
                "type": [
                  "list",
                  [
                    "object",
                    {
                      "jdbc_url": "string",
                      "public_connect_info": "string"
                    }
                  ]
                ],
                "description_kind": "plain",
                "computed": true
              },
              "region": {
                "type": "string",
                "description_kind": "plain",
                "optional": true,
                "computed": true
              },
              "security_group_id": {
                "type": "string",
                "description_kind": "plain",
                "required": true
              },
              "status": {
                "type": "string",
                "description_kind": "plain",
                "computed": true
              },
              "sub_status": {
                "type": "string",
                "description_kind": "plain",
                "computed": true
              },
              "subnet_id": {
                "type": "string",
                "description_kind": "plain",
                "required": true
              },
              "task_status": {
                "type": "string",
                "description_kind": "plain",
                "computed": true
              },
              "updated": {
                "type": "string",
                "description_kind": "plain",
                "computed": true
              },
              "user_name": {
                "type": "string",
                "description_kind": "plain",
                "required": true
              },
              "user_pwd": {
                "type": "string",
                "description_kind": "plain",
                "required": true,
                "sensitive": true
              },
              "version": {
                "type": "string",
                "description_kind": "plain",
                "computed": true
              },
              "vpc_id": {
                "type": "string",
                "description_kind": "plain",
                "required": true
              }
            },
            "block_types": {
              "public_ip": {
                "nesting_mode": "list",
                "block": {
                  "attributes": {
                    "eip_id": {
                      "type": "string",
                      "description_kind": "plain",
                      "optional": true,
                      "computed": true
                    },
                    "public_bind_type": {
                      "type": "string",
                      "description_kind": "plain",
                      "optional": true,
                      "computed": true
                    }
                  },
                  "description_kind": "plain"
                },
                "max_items": 1
              },
              "timeouts": {
                "nesting_mode": "single",
                "block": {
                  "attributes": {
                    "create": {
                      "type": "string",
                      "description_kind": "plain",
                      "optional": true
                    },
                    "delete": {
                      "type": "string",
                      "description_kind": "plain",
                      "optional": true
                    }
                  },
                  "description_kind": "plain"
                }
              }
            },
            "description_kind": "plain"
          }
        },
        "flexibleengine_elb_backend": {
          "version": 0,
          "block": {
            "attributes": {
              "address": {
                "type": "string",
                "description_kind": "plain",
                "required": true
              },
              "id": {
                "type": "string",
                "description_kind": "plain",
                "optional": true,
                "computed": true
              },
              "listener_id": {
                "type": "string",
                "description_kind": "plain",
                "required": true
              },
              "server_id": {
                "type": "string",
                "description_kind": "plain",
                "required": true
              }
            },
            "block_types": {
              "timeouts": {
                "nesting_mode": "single",
                "block": {
                  "attributes": {
                    "create": {
                      "type": "string",
                      "description_kind": "plain",
                      "optional": true
                    },
                    "delete": {
                      "type": "string",
                      "description_kind": "plain",
                      "optional": true
                    }
                  },
                  "description_kind": "plain"
                }
              }
            },
            "description_kind": "plain",
            "deprecated": true
          }
        },
        "flexibleengine_elb_certificate": {
          "version": 0,
          "block": {
            "attributes": {
              "certificate": {
                "type": "string",
                "description_kind": "plain",
                "required": true
              },
              "create_time": {
                "type": "string",
                "description_kind": "plain",
                "computed": true
              },
              "description": {
                "type": "string",
                "description_kind": "plain",
                "optional": true
              },
              "domain": {
                "type": "string",
                "description_kind": "plain",
                "optional": true
              },
              "enterprise_project_id": {
                "type": "string",
                "description_kind": "plain",
                "optional": true,
                "computed": true
              },
              "expire_time": {
                "type": "string",
                "description_kind": "plain",
                "computed": true
              },
              "id": {
                "type": "string",
                "description_kind": "plain",
                "optional": true,
                "computed": true
              },
              "name": {
                "type": "string",
                "description_kind": "plain",
                "optional": true
              },
              "private_key": {
                "type": "string",
                "description_kind": "plain",
                "optional": true
              },
              "region": {
                "type": "string",
                "description_kind": "plain",
                "optional": true,
                "computed": true
              },
              "type": {
                "type": "string",
                "description_kind": "plain",
                "optional": true
              },
              "update_time": {
                "type": "string",
                "description_kind": "plain",
                "computed": true
              }
            },
            "description_kind": "plain"
          }
        },
        "flexibleengine_elb_health": {
          "version": 0,
          "block": {
            "attributes": {
              "healthcheck_connect_port": {
                "type": "number",
                "description_kind": "plain",
                "optional": true
              },
              "healthcheck_interval": {
                "type": "number",
                "description_kind": "plain",
                "optional": true
              },
              "healthcheck_protocol": {
                "type": "string",
                "description_kind": "plain",
                "optional": true
              },
              "healthcheck_timeout": {
                "type": "number",
                "description_kind": "plain",
                "optional": true
              },
              "healthcheck_uri": {
                "type": "string",
                "description_kind": "plain",
                "optional": true
              },
              "healthy_threshold": {
                "type": "number",
                "description_kind": "plain",
                "optional": true
              },
              "id": {
                "type": "string",
                "description_kind": "plain",
                "optional": true,
                "computed": true
              },
              "listener_id": {
                "type": "string",
                "description_kind": "plain",
                "required": true
              },
              "region": {
                "type": "string",
                "description_kind": "plain",
                "optional": true,
                "computed": true
              },
              "unhealthy_threshold": {
                "type": "number",
                "description_kind": "plain",
                "optional": true,
                "computed": true
              }
            },
            "block_types": {
              "timeouts": {
                "nesting_mode": "single",
                "block": {
                  "attributes": {
                    "create": {
                      "type": "string",
                      "description_kind": "plain",
                      "optional": true
                    },
                    "delete": {
                      "type": "string",
                      "description_kind": "plain",
                      "optional": true
                    },
                    "update": {
                      "type": "string",
                      "description_kind": "plain",
                      "optional": true
                    }
                  },
                  "description_kind": "plain"
                }
              }
            },
            "description_kind": "plain",
            "deprecated": true
          }
        },
        "flexibleengine_elb_ipgroup": {
          "version": 0,
          "block": {
            "attributes": {
              "description": {
                "type": "string",
                "description_kind": "plain",
                "optional": true
              },
              "enterprise_project_id": {
                "type": "string",
                "description_kind": "plain",
                "optional": true,
                "computed": true
              },
              "id": {
                "type": "string",
                "description_kind": "plain",
                "optional": true,
                "computed": true
              },
              "name": {
                "type": "string",
                "description_kind": "plain",
                "required": true
              },
              "region": {
                "type": "string",
                "description_kind": "plain",
                "optional": true,
                "computed": true
              }
            },
            "block_types": {
              "ip_list": {
                "nesting_mode": "list",
                "block": {
                  "attributes": {
                    "description": {
                      "type": "string",
                      "description_kind": "plain",
                      "optional": true
                    },
                    "ip": {
                      "type": "string",
                      "description_kind": "plain",
                      "required": true
                    }
                  },
                  "description_kind": "plain"
                },
                "min_items": 1
              }
            },
            "description_kind": "plain"
          }
        },
        "flexibleengine_elb_listener": {
          "version": 0,
          "block": {
            "attributes": {
              "backend_port": {
                "type": "number",
                "description_kind": "plain",
                "required": true
              },
              "backend_protocol": {
                "type": "string",
                "description_kind": "plain",
                "required": true
              },
              "certificate_id": {
                "type": "string",
                "description_kind": "plain",
                "optional": true
              },
              "cookie_timeout": {
                "type": "number",
                "description_kind": "plain",
                "optional": true,
                "computed": true
              },
              "description": {
                "type": "string",
                "description_kind": "plain",
                "optional": true
              },
              "id": {
                "type": "string",
                "description_kind": "plain",
                "optional": true,
                "computed": true
              },
              "lb_algorithm": {
                "type": "string",
                "description_kind": "plain",
                "required": true
              },
              "loadbalancer_id": {
                "type": "string",
                "description_kind": "plain",
                "required": true
              },
              "name": {
                "type": "string",
                "description_kind": "plain",
                "optional": true,
                "computed": true
              },
              "protocol": {
                "type": "string",
                "description_kind": "plain",
                "required": true
              },
              "protocol_port": {
                "type": "number",
                "description_kind": "plain",
                "required": true
              },
              "region": {
                "type": "string",
                "description_kind": "plain",
                "optional": true,
                "computed": true
              },
              "session_sticky": {
                "type": "bool",
                "description_kind": "plain",
                "optional": true
              },
              "session_sticky_type": {
                "type": "string",
                "description_kind": "plain",
                "optional": true
              },
              "ssl_ciphers": {
                "type": "string",
                "description_kind": "plain",
                "optional": true,
                "computed": true
              },
              "ssl_protocols": {
                "type": "string",
                "description_kind": "plain",
                "optional": true,
                "computed": true
              },
              "tcp_draining": {
                "type": "bool",
                "description_kind": "plain",
                "optional": true
              },
              "tcp_draining_timeout": {
                "type": "number",
                "description_kind": "plain",
                "optional": true
              },
              "tcp_timeout": {
                "type": "number",
                "description_kind": "plain",
                "optional": true,
                "computed": true
              },
              "udp_timeout": {
                "type": "number",
                "description_kind": "plain",
                "optional": true
              }
            },
            "block_types": {
              "timeouts": {
                "nesting_mode": "single",
                "block": {
                  "attributes": {
                    "create": {
                      "type": "string",
                      "description_kind": "plain",
                      "optional": true
                    },
                    "delete": {
                      "type": "string",
                      "description_kind": "plain",
                      "optional": true
                    },
                    "update": {
                      "type": "string",
                      "description_kind": "plain",
                      "optional": true
                    }
                  },
                  "description_kind": "plain"
                }
              }
            },
            "description_kind": "plain",
            "deprecated": true
          }
        },
        "flexibleengine_elb_loadbalancer": {
          "version": 0,
          "block": {
            "attributes": {
              "admin_state_up": {
                "type": "bool",
                "description_kind": "plain",
                "optional": true
              },
              "az": {
                "type": "string",
                "description_kind": "plain",
                "optional": true
              },
              "bandwidth": {
                "type": "number",
                "description_kind": "plain",
                "optional": true
              },
              "description": {
                "type": "string",
                "description_kind": "plain",
                "optional": true
              },
              "id": {
                "type": "string",
                "description_kind": "plain",
                "optional": true,
                "computed": true
              },
              "name": {
                "type": "string",
                "description_kind": "plain",
                "optional": true
              },
              "region": {
                "type": "string",
                "description_kind": "plain",
                "optional": true,
                "computed": true
              },
              "security_group_id": {
                "type": "string",
                "description_kind": "plain",
                "optional": true,
                "computed": true
              },
              "tenantid": {
                "type": "string",
                "description_kind": "plain",
                "optional": true,
                "computed": true
              },
              "type": {
                "type": "string",
                "description_kind": "plain",
                "required": true
              },
              "vip_address": {
                "type": "string",
                "description_kind": "plain",
                "optional": true,
                "computed": true
              },
              "vip_subnet_id": {
                "type": "string",
                "description_kind": "plain",
                "optional": true
              },
              "vpc_id": {
                "type": "string",
                "description_kind": "plain",
                "required": true
              }
            },
            "block_types": {
              "timeouts": {
                "nesting_mode": "single",
                "block": {
                  "attributes": {
                    "create": {
                      "type": "string",
                      "description_kind": "plain",
                      "optional": true
                    },
                    "delete": {
                      "type": "string",
                      "description_kind": "plain",
                      "optional": true
                    },
                    "update": {
                      "type": "string",
                      "description_kind": "plain",
                      "optional": true
                    }
                  },
                  "description_kind": "plain"
                }
              }
            },
            "description_kind": "plain",
            "deprecated": true
          }
        },
        "flexibleengine_enterprise_project": {
          "version": 0,
          "block": {
            "attributes": {
              "created_at": {
                "type": "string",
                "description_kind": "plain",
                "computed": true
              },
              "description": {
                "type": "string",
                "description_kind": "plain",
                "optional": true
              },
              "enable": {
                "type": "bool",
                "description_kind": "plain",
                "optional": true
              },
              "id": {
                "type": "string",
                "description_kind": "plain",
                "optional": true,
                "computed": true
              },
              "name": {
                "type": "string",
                "description_kind": "plain",
                "required": true
              },
              "skip_disable_on_destroy": {
                "type": "bool",
                "description_kind": "plain",
                "optional": true
              },
              "status": {
                "type": "number",
                "description_kind": "plain",
                "computed": true
              },
              "type": {
                "type": "string",
                "description_kind": "plain",
                "optional": true,
                "computed": true
              },
              "updated_at": {
                "type": "string",
                "description_kind": "plain",
                "computed": true
              }
            },
            "block_types": {
              "timeouts": {
                "nesting_mode": "single",
                "block": {
                  "attributes": {
                    "create": {
                      "type": "string",
                      "description_kind": "plain",
                      "optional": true
                    },
                    "delete": {
                      "type": "string",
                      "description_kind": "plain",
                      "optional": true
                    },
                    "update": {
                      "type": "string",
                      "description_kind": "plain",
                      "optional": true
                    }
                  },
                  "description_kind": "plain"
                }
              }
            },
            "description_kind": "plain"
          }
        },
        "flexibleengine_fgs_dependency": {
          "version": 0,
          "block": {
            "attributes": {
              "description": {
                "type": "string",
                "description_kind": "plain",
                "optional": true,
                "computed": true
              },
              "etag": {
                "type": "string",
                "description_kind": "plain",
                "computed": true
              },
              "id": {
                "type": "string",
                "description_kind": "plain",
                "optional": true,
                "computed": true
              },
              "link": {
                "type": "string",
                "description_kind": "plain",
                "required": true
              },
              "name": {
                "type": "string",
                "description_kind": "plain",
                "required": true
              },
              "owner": {
                "type": "string",
                "description_kind": "plain",
                "computed": true
              },
              "region": {
                "type": "string",
                "description_kind": "plain",
                "optional": true,
                "computed": true
              },
              "runtime": {
                "type": "string",
                "description_kind": "plain",
                "required": true
              },
              "size": {
                "type": "number",
                "description_kind": "plain",
                "computed": true
              }
            },
            "description_kind": "plain"
          }
        },
        "flexibleengine_fgs_function": {
          "version": 0,
          "block": {
            "attributes": {
              "agency": {
                "type": "string",
                "description_kind": "plain",
                "optional": true
              },
              "app": {
                "type": "string",
                "description_kind": "plain",
                "optional": true
              },
              "app_agency": {
                "type": "string",
                "description_kind": "plain",
                "optional": true,
                "computed": true
              },
              "code_filename": {
                "type": "string",
                "description_kind": "plain",
                "optional": true,
                "computed": true
              },
              "code_type": {
                "type": "string",
                "description_kind": "plain",
                "optional": true,
                "computed": true
              },
              "code_url": {
                "type": "string",
                "description_kind": "plain",
                "optional": true
              },
              "depend_list": {
                "type": [
                  "list",
                  "string"
                ],
                "description_kind": "plain",
                "optional": true,
                "computed": true
              },
              "description": {
                "type": "string",
                "description_kind": "plain",
                "optional": true
              },
              "encrypted_user_data": {
                "type": "string",
                "description_kind": "plain",
                "optional": true,
                "sensitive": true
              },
              "enterprise_project_id": {
                "type": "string",
                "description_kind": "plain",
                "optional": true,
                "computed": true
              },
              "func_code": {
                "type": "string",
                "description_kind": "plain",
                "optional": true
              },
              "functiongraph_version": {
                "type": "string",
                "description_kind": "plain",
                "optional": true,
                "computed": true
              },
              "handler": {
                "type": "string",
                "description_kind": "plain",
                "optional": true,
                "computed": true
              },
              "id": {
                "type": "string",
                "description_kind": "plain",
                "optional": true,
                "computed": true
              },
              "initializer_handler": {
                "type": "string",
                "description_kind": "plain",
                "optional": true,
                "computed": true
              },
              "initializer_timeout": {
                "type": "number",
                "description_kind": "plain",
                "optional": true,
                "computed": true
              },
              "memory_size": {
                "type": "number",
                "description_kind": "plain",
                "required": true
              },
              "mount_user_group_id": {
                "type": "number",
                "description_kind": "plain",
                "optional": true,
                "computed": true
              },
              "mount_user_id": {
                "type": "number",
                "description_kind": "plain",
                "optional": true,
                "computed": true
              },
              "name": {
                "type": "string",
                "description_kind": "plain",
                "required": true
              },
              "network_id": {
                "type": "string",
                "description_kind": "plain",
                "optional": true
              },
              "package": {
                "type": "string",
                "description_kind": "plain",
                "deprecated": true,
                "optional": true
              },
              "region": {
                "type": "string",
                "description_kind": "plain",
                "optional": true,
                "computed": true
              },
              "runtime": {
                "type": "string",
                "description_kind": "plain",
                "required": true
              },
              "timeout": {
                "type": "number",
                "description_kind": "plain",
                "required": true
              },
              "urn": {
                "type": "string",
                "description_kind": "plain",
                "computed": true
              },
              "user_data": {
                "type": "string",
                "description_kind": "plain",
                "optional": true
              },
              "version": {
                "type": "string",
                "description_kind": "plain",
                "computed": true
              },
              "vpc_id": {
                "type": "string",
                "description_kind": "plain",
                "optional": true
              },
              "xrole": {
                "type": "string",
                "description_kind": "plain",
                "deprecated": true,
                "optional": true
              }
            },
            "block_types": {
              "custom_image": {
                "nesting_mode": "list",
                "block": {
                  "attributes": {
                    "url": {
                      "type": "string",
                      "description_kind": "plain",
                      "required": true
                    }
                  },
                  "description_kind": "plain"
                },
                "max_items": 1
              },
              "func_mounts": {
                "nesting_mode": "list",
                "block": {
                  "attributes": {
                    "local_mount_path": {
                      "type": "string",
                      "description_kind": "plain",
                      "required": true
                    },
                    "mount_resource": {
                      "type": "string",
                      "description_kind": "plain",
                      "required": true
                    },
                    "mount_share_path": {
                      "type": "string",
                      "description_kind": "plain",
                      "required": true
                    },
                    "mount_type": {
                      "type": "string",
                      "description_kind": "plain",
                      "required": true
                    },
                    "status": {
                      "type": "string",
                      "description_kind": "plain",
                      "computed": true
                    }
                  },
                  "description_kind": "plain"
                }
              },
              "timeouts": {
                "nesting_mode": "single",
                "block": {
                  "attributes": {
                    "create": {
                      "type": "string",
                      "description_kind": "plain",
                      "optional": true
                    },
                    "delete": {
                      "type": "string",
                      "description_kind": "plain",
                      "optional": true
                    }
                  },
                  "description_kind": "plain"
                }
              }
            },
            "description_kind": "plain"
          }
        },
        "flexibleengine_fgs_trigger": {
          "version": 0,
          "block": {
            "attributes": {
              "function_urn": {
                "type": "string",
                "description_kind": "plain",
                "required": true
              },
              "id": {
                "type": "string",
                "description_kind": "plain",
                "optional": true,
                "computed": true
              },
              "region": {
                "type": "string",
                "description_kind": "plain",
                "optional": true,
                "computed": true
              },
              "status": {
                "type": "string",
                "description_kind": "plain",
                "optional": true,
                "computed": true
              },
              "type": {
                "type": "string",
                "description_kind": "plain",
                "required": true
              }
            },
            "block_types": {
              "apig": {
                "nesting_mode": "list",
                "block": {
                  "attributes": {
                    "api_name": {
                      "type": "string",
                      "description_kind": "plain",
                      "required": true
                    },
                    "env_name": {
                      "type": "string",
                      "description_kind": "plain",
                      "required": true
                    },
                    "group_id": {
                      "type": "string",
                      "description_kind": "plain",
                      "required": true
                    },
                    "instance_id": {
                      "type": "string",
                      "description_kind": "plain",
                      "optional": true
                    },
                    "request_protocol": {
                      "type": "string",
                      "description_kind": "plain",
                      "optional": true
                    },
                    "security_authentication": {
                      "type": "string",
                      "description_kind": "plain",
                      "optional": true
                    },
                    "timeout": {
                      "type": "number",
                      "description_kind": "plain",
                      "optional": true
                    }
                  },
                  "description_kind": "plain"
                },
                "max_items": 1
              },
              "dis": {
                "nesting_mode": "list",
                "block": {
                  "attributes": {
                    "max_fetch_bytes": {
                      "type": "number",
                      "description_kind": "plain",
                      "required": true
                    },
                    "pull_period": {
                      "type": "number",
                      "description_kind": "plain",
                      "required": true
                    },
                    "serial_enable": {
                      "type": "bool",
                      "description_kind": "plain",
                      "required": true
                    },
                    "starting_position": {
                      "type": "string",
                      "description_kind": "plain",
                      "required": true
                    },
                    "stream_name": {
                      "type": "string",
                      "description_kind": "plain",
                      "required": true
                    }
                  },
                  "description_kind": "plain"
                },
                "max_items": 1
              },
              "kafka": {
                "nesting_mode": "list",
                "block": {
                  "attributes": {
                    "batch_size": {
                      "type": "number",
                      "description_kind": "plain",
                      "optional": true
                    },
                    "instance_id": {
                      "type": "string",
                      "description_kind": "plain",
                      "required": true
                    },
                    "topic_ids": {
                      "type": [
                        "set",
                        "string"
                      ],
                      "description_kind": "plain",
                      "required": true
                    }
                  },
                  "description_kind": "plain"
                },
                "max_items": 1
              },
              "lts": {
                "nesting_mode": "list",
                "block": {
                  "attributes": {
                    "log_group_id": {
                      "type": "string",
                      "description_kind": "plain",
                      "required": true
                    },
                    "log_topic_id": {
                      "type": "string",
                      "description_kind": "plain",
                      "required": true
                    }
                  },
                  "description_kind": "plain"
                },
                "max_items": 1
              },
              "obs": {
                "nesting_mode": "list",
                "block": {
                  "attributes": {
                    "bucket_name": {
                      "type": "string",
                      "description_kind": "plain",
                      "required": true
                    },
                    "event_notification_name": {
                      "type": "string",
                      "description_kind": "plain",
                      "required": true
                    },
                    "events": {
                      "type": [
                        "set",
                        "string"
                      ],
                      "description_kind": "plain",
                      "required": true
                    },
                    "prefix": {
                      "type": "string",
                      "description_kind": "plain",
                      "optional": true
                    },
                    "suffix": {
                      "type": "string",
                      "description_kind": "plain",
                      "optional": true
                    }
                  },
                  "description_kind": "plain"
                },
                "max_items": 1
              },
              "smn": {
                "nesting_mode": "list",
                "block": {
                  "attributes": {
                    "topic_urn": {
                      "type": "string",
                      "description_kind": "plain",
                      "required": true
                    }
                  },
                  "description_kind": "plain"
                },
                "max_items": 1
              },
              "timeouts": {
                "nesting_mode": "single",
                "block": {
                  "attributes": {
                    "update": {
                      "type": "string",
                      "description_kind": "plain",
                      "optional": true
                    }
                  },
                  "description_kind": "plain"
                }
              },
              "timer": {
                "nesting_mode": "list",
                "block": {
                  "attributes": {
                    "additional_information": {
                      "type": "string",
                      "description_kind": "plain",
                      "optional": true
                    },
                    "name": {
                      "type": "string",
                      "description_kind": "plain",
                      "required": true
                    },
                    "schedule": {
                      "type": "string",
                      "description_kind": "plain",
                      "required": true
                    },
                    "schedule_type": {
                      "type": "string",
                      "description_kind": "plain",
                      "required": true
                    }
                  },
                  "description_kind": "plain"
                },
                "max_items": 1
              }
            },
            "description_kind": "plain"
          }
        },
        "flexibleengine_fw_firewall_group_v2": {
          "version": 0,
          "block": {
            "attributes": {
              "admin_state_up": {
                "type": "bool",
                "description_kind": "plain",
                "optional": true
              },
              "description": {
                "type": "string",
                "description_kind": "plain",
                "optional": true
              },
              "egress_policy_id": {
                "type": "string",
                "description_kind": "plain",
                "optional": true
              },
              "id": {
                "type": "string",
                "description_kind": "plain",
                "optional": true,
                "computed": true
              },
              "ingress_policy_id": {
                "type": "string",
                "description_kind": "plain",
                "optional": true
              },
              "name": {
                "type": "string",
                "description_kind": "plain",
                "optional": true
              },
              "ports": {
                "type": [
                  "set",
                  "string"
                ],
                "description_kind": "plain",
                "optional": true,
                "computed": true
              },
              "region": {
                "type": "string",
                "description_kind": "plain",
                "optional": true,
                "computed": true
              },
              "tenant_id": {
                "type": "string",
                "description_kind": "plain",
                "optional": true,
                "computed": true
              },
              "value_specs": {
                "type": [
                  "map",
                  "string"
                ],
                "description_kind": "plain",
                "optional": true
              }
            },
            "block_types": {
              "timeouts": {
                "nesting_mode": "single",
                "block": {
                  "attributes": {
                    "create": {
                      "type": "string",
                      "description_kind": "plain",
                      "optional": true
                    },
                    "delete": {
                      "type": "string",
                      "description_kind": "plain",
                      "optional": true
                    },
                    "update": {
                      "type": "string",
                      "description_kind": "plain",
                      "optional": true
                    }
                  },
                  "description_kind": "plain"
                }
              }
            },
            "description_kind": "plain"
          }
        },
        "flexibleengine_fw_policy_v2": {
          "version": 0,
          "block": {
            "attributes": {
              "audited": {
                "type": "bool",
                "description_kind": "plain",
                "optional": true
              },
              "description": {
                "type": "string",
                "description_kind": "plain",
                "optional": true
              },
              "id": {
                "type": "string",
                "description_kind": "plain",
                "optional": true,
                "computed": true
              },
              "name": {
                "type": "string",
                "description_kind": "plain",
                "optional": true
              },
              "region": {
                "type": "string",
                "description_kind": "plain",
                "optional": true,
                "computed": true
              },
              "rules": {
                "type": [
                  "list",
                  "string"
                ],
                "description_kind": "plain",
                "optional": true
              },
              "shared": {
                "type": "bool",
                "description_kind": "plain",
                "optional": true
              },
              "tenant_id": {
                "type": "string",
                "description_kind": "plain",
                "optional": true,
                "computed": true
              },
              "value_specs": {
                "type": [
                  "map",
                  "string"
                ],
                "description_kind": "plain",
                "optional": true
              }
            },
            "block_types": {
              "timeouts": {
                "nesting_mode": "single",
                "block": {
                  "attributes": {
                    "create": {
                      "type": "string",
                      "description_kind": "plain",
                      "optional": true
                    }
                  },
                  "description_kind": "plain"
                }
              }
            },
            "description_kind": "plain"
          }
        },
        "flexibleengine_fw_rule_v2": {
          "version": 0,
          "block": {
            "attributes": {
              "action": {
                "type": "string",
                "description_kind": "plain",
                "required": true
              },
              "description": {
                "type": "string",
                "description_kind": "plain",
                "optional": true
              },
              "destination_ip_address": {
                "type": "string",
                "description_kind": "plain",
                "optional": true
              },
              "destination_port": {
                "type": "string",
                "description_kind": "plain",
                "optional": true
              },
              "enabled": {
                "type": "bool",
                "description_kind": "plain",
                "optional": true
              },
              "id": {
                "type": "string",
                "description_kind": "plain",
                "optional": true,
                "computed": true
              },
              "ip_version": {
                "type": "number",
                "description_kind": "plain",
                "optional": true
              },
              "name": {
                "type": "string",
                "description_kind": "plain",
                "optional": true
              },
              "protocol": {
                "type": "string",
                "description_kind": "plain",
                "required": true
              },
              "region": {
                "type": "string",
                "description_kind": "plain",
                "optional": true,
                "computed": true
              },
              "source_ip_address": {
                "type": "string",
                "description_kind": "plain",
                "optional": true
              },
              "source_port": {
                "type": "string",
                "description_kind": "plain",
                "optional": true
              },
              "tenant_id": {
                "type": "string",
                "description_kind": "plain",
                "optional": true
              },
              "value_specs": {
                "type": [
                  "map",
                  "string"
                ],
                "description_kind": "plain",
                "optional": true
              }
            },
            "description_kind": "plain"
          }
        },
        "flexibleengine_identity_acl": {
          "version": 0,
          "block": {
            "attributes": {
              "id": {
                "type": "string",
                "description_kind": "plain",
                "optional": true,
                "computed": true
              },
              "type": {
                "type": "string",
                "description_kind": "plain",
                "required": true
              }
            },
            "block_types": {
              "ip_cidrs": {
                "nesting_mode": "set",
                "block": {
                  "attributes": {
                    "cidr": {
                      "type": "string",
                      "description_kind": "plain",
                      "required": true
                    },
                    "description": {
                      "type": "string",
                      "description_kind": "plain",
                      "optional": true
                    }
                  },
                  "description_kind": "plain"
                },
                "max_items": 200
              },
              "ip_ranges": {
                "nesting_mode": "set",
                "block": {
                  "attributes": {
                    "description": {
                      "type": "string",
                      "description_kind": "plain",
                      "optional": true
                    },
                    "range": {
                      "type": "string",
                      "description_kind": "plain",
                      "required": true
                    }
                  },
                  "description_kind": "plain"
                },
                "max_items": 200
              },
              "timeouts": {
                "nesting_mode": "single",
                "block": {
                  "attributes": {
                    "create": {
                      "type": "string",
                      "description_kind": "plain",
                      "optional": true
                    },
                    "delete": {
                      "type": "string",
                      "description_kind": "plain",
                      "optional": true
                    },
                    "update": {
                      "type": "string",
                      "description_kind": "plain",
                      "optional": true
                    }
                  },
                  "description_kind": "plain"
                }
              }
            },
            "description_kind": "plain"
          }
        },
        "flexibleengine_identity_agency_v3": {
          "version": 0,
          "block": {
            "attributes": {
              "create_time": {
                "type": "string",
                "description_kind": "plain",
                "computed": true
              },
              "delegated_domain_name": {
                "type": "string",
                "description_kind": "plain",
                "optional": true
              },
              "delegated_service_name": {
                "type": "string",
                "description_kind": "plain",
                "optional": true
              },
              "description": {
                "type": "string",
                "description_kind": "plain",
                "optional": true,
                "computed": true
              },
              "domain_roles": {
                "type": [
                  "set",
                  "string"
                ],
                "description_kind": "plain",
                "optional": true
              },
              "duration": {
                "type": "string",
                "description_kind": "plain",
                "optional": true
              },
              "expire_time": {
                "type": "string",
                "description_kind": "plain",
                "computed": true
              },
              "id": {
                "type": "string",
                "description_kind": "plain",
                "optional": true,
                "computed": true
              },
              "name": {
                "type": "string",
                "description_kind": "plain",
                "required": true
              }
            },
            "block_types": {
              "project_role": {
                "nesting_mode": "set",
                "block": {
                  "attributes": {
                    "project": {
                      "type": "string",
                      "description_kind": "plain",
                      "required": true
                    },
                    "roles": {
                      "type": [
                        "set",
                        "string"
                      ],
                      "description_kind": "plain",
                      "required": true
                    }
                  },
                  "description_kind": "plain"
                }
              },
              "timeouts": {
                "nesting_mode": "single",
                "block": {
                  "attributes": {
                    "create": {
                      "type": "string",
                      "description_kind": "plain",
                      "optional": true
                    },
                    "delete": {
                      "type": "string",
                      "description_kind": "plain",
                      "optional": true
                    },
                    "update": {
                      "type": "string",
                      "description_kind": "plain",
                      "optional": true
                    }
                  },
                  "description_kind": "plain"
                }
              }
            },
            "description_kind": "plain"
          }
        },
        "flexibleengine_identity_group_membership_v3": {
          "version": 0,
          "block": {
            "attributes": {
              "group": {
                "type": "string",
                "description_kind": "plain",
                "required": true
              },
              "id": {
                "type": "string",
                "description_kind": "plain",
                "optional": true,
                "computed": true
              },
              "users": {
                "type": [
                  "set",
                  "string"
                ],
                "description_kind": "plain",
                "required": true
              }
            },
            "description_kind": "plain"
          }
        },
        "flexibleengine_identity_group_v3": {
          "version": 0,
          "block": {
            "attributes": {
              "description": {
                "type": "string",
                "description_kind": "plain",
                "optional": true
              },
              "domain_id": {
                "type": "string",
                "description_kind": "plain",
                "optional": true,
                "computed": true
              },
              "id": {
                "type": "string",
                "description_kind": "plain",
                "optional": true,
                "computed": true
              },
              "name": {
                "type": "string",
                "description_kind": "plain",
                "required": true
              }
            },
            "description_kind": "plain"
          }
        },
        "flexibleengine_identity_project_v3": {
          "version": 0,
          "block": {
            "attributes": {
              "description": {
                "type": "string",
                "description_kind": "plain",
                "optional": true
              },
              "domain_id": {
                "type": "string",
                "description_kind": "plain",
                "computed": true
              },
              "enabled": {
                "type": "bool",
                "description_kind": "plain",
                "computed": true
              },
              "id": {
                "type": "string",
                "description_kind": "plain",
                "optional": true,
                "computed": true
              },
              "is_domain": {
                "type": "bool",
                "description_kind": "plain",
                "computed": true
              },
              "name": {
                "type": "string",
                "description_kind": "plain",
                "required": true
              },
              "parent_id": {
                "type": "string",
                "description_kind": "plain",
                "computed": true
              }
            },
            "block_types": {
              "timeouts": {
                "nesting_mode": "single",
                "block": {
                  "attributes": {
                    "create": {
                      "type": "string",
                      "description_kind": "plain",
                      "optional": true
                    },
                    "delete": {
                      "type": "string",
                      "description_kind": "plain",
                      "optional": true
                    },
                    "update": {
                      "type": "string",
                      "description_kind": "plain",
                      "optional": true
                    }
                  },
                  "description_kind": "plain"
                }
              }
            },
            "description_kind": "plain"
          }
        },
        "flexibleengine_identity_provider": {
          "version": 0,
          "block": {
            "attributes": {
              "conversion_rules": {
                "type": [
                  "list",
                  [
                    "object",
                    {
                      "local": [
                        "list",
                        [
                          "object",
                          {
                            "group": "string",
                            "username": "string"
                          }
                        ]
                      ],
                      "remote": [
                        "list",
                        [
                          "object",
                          {
                            "attribute": "string",
                            "condition": "string",
                            "value": [
                              "list",
                              "string"
                            ]
                          }
                        ]
                      ]
                    }
                  ]
                ],
                "description_kind": "plain",
                "computed": true
              },
              "description": {
                "type": "string",
                "description_kind": "plain",
                "optional": true
              },
              "enabled": {
                "type": "bool",
                "description_kind": "plain",
                "optional": true
              },
              "id": {
                "type": "string",
                "description_kind": "plain",
                "optional": true,
                "computed": true
              },
              "login_link": {
                "type": "string",
                "description_kind": "plain",
                "computed": true
              },
              "metadata": {
                "type": "string",
                "description_kind": "plain",
                "optional": true
              },
              "name": {
                "type": "string",
                "description_kind": "plain",
                "required": true
              },
              "protocol": {
                "type": "string",
                "description_kind": "plain",
                "required": true
              },
              "sso_type": {
                "type": "string",
                "description_kind": "plain",
                "computed": true
              }
            },
            "block_types": {
              "openid_connect_config": {
                "nesting_mode": "list",
                "block": {
                  "attributes": {
                    "access_type": {
                      "type": "string",
                      "description_kind": "plain",
                      "required": true
                    },
                    "authorization_endpoint": {
                      "type": "string",
                      "description_kind": "plain",
                      "optional": true,
                      "computed": true
                    },
                    "client_id": {
                      "type": "string",
                      "description_kind": "plain",
                      "required": true
                    },
                    "provider_url": {
                      "type": "string",
                      "description_kind": "plain",
                      "required": true
                    },
                    "response_mode": {
                      "type": "string",
                      "description_kind": "plain",
                      "optional": true
                    },
                    "response_type": {
                      "type": "string",
                      "description_kind": "plain",
                      "optional": true
                    },
                    "scopes": {
                      "type": [
                        "list",
                        "string"
                      ],
                      "description_kind": "plain",
                      "optional": true,
                      "computed": true
                    },
                    "signing_key": {
                      "type": "string",
                      "description_kind": "plain",
                      "required": true
                    }
                  },
                  "description_kind": "plain"
                },
                "max_items": 1
              }
            },
            "description_kind": "plain"
          }
        },
        "flexibleengine_identity_provider_conversion": {
          "version": 0,
          "block": {
            "attributes": {
              "id": {
                "type": "string",
                "description_kind": "plain",
                "optional": true,
                "computed": true
              },
              "provider_id": {
                "type": "string",
                "description_kind": "plain",
                "required": true
              }
            },
            "block_types": {
              "conversion_rules": {
                "nesting_mode": "list",
                "block": {
                  "block_types": {
                    "local": {
                      "nesting_mode": "list",
                      "block": {
                        "attributes": {
                          "group": {
                            "type": "string",
                            "description_kind": "plain",
                            "optional": true
                          },
                          "username": {
                            "type": "string",
                            "description_kind": "plain",
                            "required": true
                          }
                        },
                        "description_kind": "plain"
                      },
                      "min_items": 1
                    },
                    "remote": {
                      "nesting_mode": "list",
                      "block": {
                        "attributes": {
                          "attribute": {
                            "type": "string",
                            "description_kind": "plain",
                            "required": true
                          },
                          "condition": {
                            "type": "string",
                            "description_kind": "plain",
                            "optional": true
                          },
                          "value": {
                            "type": [
                              "list",
                              "string"
                            ],
                            "description_kind": "plain",
                            "optional": true
                          }
                        },
                        "description_kind": "plain"
                      },
                      "min_items": 1,
                      "max_items": 10
                    }
                  },
                  "description_kind": "plain"
                },
                "min_items": 1,
                "max_items": 10
              }
            },
            "description_kind": "plain"
          }
        },
        "flexibleengine_identity_role_assignment_v3": {
          "version": 0,
          "block": {
            "attributes": {
              "domain_id": {
                "type": "string",
                "description_kind": "plain",
                "optional": true
              },
              "group_id": {
                "type": "string",
                "description_kind": "plain",
                "required": true
              },
              "id": {
                "type": "string",
                "description_kind": "plain",
                "optional": true,
                "computed": true
              },
              "project_id": {
                "type": "string",
                "description_kind": "plain",
                "optional": true
              },
              "role_id": {
                "type": "string",
                "description_kind": "plain",
                "required": true
              }
            },
            "description_kind": "plain"
          }
        },
        "flexibleengine_identity_role_v3": {
          "version": 0,
          "block": {
            "attributes": {
              "description": {
                "type": "string",
                "description_kind": "plain",
                "required": true
              },
              "domain_id": {
                "type": "string",
                "description_kind": "plain",
                "computed": true
              },
              "id": {
                "type": "string",
                "description_kind": "plain",
                "optional": true,
                "computed": true
              },
              "name": {
                "type": "string",
                "description_kind": "plain",
                "required": true
              },
              "policy": {
                "type": "string",
                "description_kind": "plain",
                "required": true
              },
              "references": {
                "type": "number",
                "description_kind": "plain",
                "computed": true
              },
              "type": {
                "type": "string",
                "description_kind": "plain",
                "required": true
              }
            },
            "description_kind": "plain"
          }
        },
        "flexibleengine_identity_user_v3": {
          "version": 0,
          "block": {
            "attributes": {
              "country_code": {
                "type": "string",
                "description_kind": "plain",
                "optional": true
              },
              "create_time": {
                "type": "string",
                "description_kind": "plain",
                "computed": true
              },
              "description": {
                "type": "string",
                "description_kind": "plain",
                "optional": true
              },
              "email": {
                "type": "string",
                "description_kind": "plain",
                "optional": true
              },
              "enabled": {
                "type": "bool",
                "description_kind": "plain",
                "optional": true
              },
              "id": {
                "type": "string",
                "description_kind": "plain",
                "optional": true,
                "computed": true
              },
              "last_login": {
                "type": "string",
                "description_kind": "plain",
                "computed": true
              },
              "name": {
                "type": "string",
                "description_kind": "plain",
                "required": true
              },
              "password": {
                "type": "string",
                "description_kind": "plain",
                "optional": true,
                "sensitive": true
              },
              "password_strength": {
                "type": "string",
                "description_kind": "plain",
                "computed": true
              },
              "phone": {
                "type": "string",
                "description_kind": "plain",
                "optional": true
              }
            },
            "description_kind": "plain"
          }
        },
        "flexibleengine_images_image_v2": {
          "version": 0,
          "block": {
            "attributes": {
              "checksum": {
                "type": "string",
                "description_kind": "plain",
                "computed": true
              },
              "container_format": {
                "type": "string",
                "description_kind": "plain",
                "required": true
              },
              "created_at": {
                "type": "string",
                "description_kind": "plain",
                "computed": true
              },
              "disk_format": {
                "type": "string",
                "description_kind": "plain",
                "required": true
              },
              "file": {
                "type": "string",
                "description_kind": "plain",
                "computed": true
              },
              "id": {
                "type": "string",
                "description_kind": "plain",
                "optional": true,
                "computed": true
              },
              "image_cache_path": {
                "type": "string",
                "description_kind": "plain",
                "optional": true
              },
              "image_source_url": {
                "type": "string",
                "description_kind": "plain",
                "optional": true
              },
              "local_file_path": {
                "type": "string",
                "description_kind": "plain",
                "optional": true
              },
              "metadata": {
                "type": [
                  "map",
                  "string"
                ],
                "description_kind": "plain",
                "computed": true
              },
              "min_disk_gb": {
                "type": "number",
                "description_kind": "plain",
                "optional": true
              },
              "min_ram_mb": {
                "type": "number",
                "description_kind": "plain",
                "optional": true
              },
              "name": {
                "type": "string",
                "description_kind": "plain",
                "required": true
              },
              "owner": {
                "type": "string",
                "description_kind": "plain",
                "computed": true
              },
              "protected": {
                "type": "bool",
                "description_kind": "plain",
                "optional": true
              },
              "region": {
                "type": "string",
                "description_kind": "plain",
                "optional": true,
                "computed": true
              },
              "schema": {
                "type": "string",
                "description_kind": "plain",
                "computed": true
              },
              "size_bytes": {
                "type": "number",
                "description_kind": "plain",
                "computed": true
              },
              "status": {
                "type": "string",
                "description_kind": "plain",
                "computed": true
              },
              "tags": {
                "type": [
                  "set",
                  "string"
                ],
                "description_kind": "plain",
                "optional": true
              },
              "updated_at": {
                "type": "string",
                "description_kind": "plain",
                "computed": true
              },
              "visibility": {
                "type": "string",
                "description_kind": "plain",
                "optional": true
              }
            },
            "block_types": {
              "timeouts": {
                "nesting_mode": "single",
                "block": {
                  "attributes": {
                    "create": {
                      "type": "string",
                      "description_kind": "plain",
                      "optional": true
                    }
                  },
                  "description_kind": "plain"
                }
              }
            },
            "description_kind": "plain"
          }
        },
        "flexibleengine_kms_key_v1": {
          "version": 0,
          "block": {
            "attributes": {
              "creation_date": {
                "type": "string",
                "description_kind": "plain",
                "computed": true
              },
              "default_key_flag": {
                "type": "string",
                "description_kind": "plain",
                "computed": true
              },
              "domain_id": {
                "type": "string",
                "description_kind": "plain",
                "computed": true
              },
              "id": {
                "type": "string",
                "description_kind": "plain",
                "optional": true,
                "computed": true
              },
              "is_enabled": {
                "type": "bool",
                "description_kind": "plain",
                "optional": true
              },
              "key_alias": {
                "type": "string",
                "description_kind": "plain",
                "required": true
              },
              "key_description": {
                "type": "string",
                "description_kind": "plain",
                "optional": true
              },
              "origin": {
                "type": "string",
                "description_kind": "plain",
                "computed": true
              },
              "pending_days": {
                "type": "string",
                "description_kind": "plain",
                "optional": true
              },
              "realm": {
                "type": "string",
                "description_kind": "plain",
                "optional": true,
                "computed": true
              },
              "rotation_enabled": {
                "type": "bool",
                "description_kind": "plain",
                "optional": true
              },
              "rotation_interval": {
                "type": "number",
                "description_kind": "plain",
                "optional": true,
                "computed": true
              },
              "rotation_number": {
                "type": "number",
                "description_kind": "plain",
                "computed": true
              }
            },
            "block_types": {
              "timeouts": {
                "nesting_mode": "single",
                "block": {
                  "attributes": {
                    "create": {
                      "type": "string",
                      "description_kind": "plain",
                      "optional": true
                    }
                  },
                  "description_kind": "plain"
                }
              }
            },
            "description_kind": "plain"
          }
        },
        "flexibleengine_lb_certificate_v2": {
          "version": 0,
          "block": {
            "attributes": {
              "certificate": {
                "type": "string",
                "description_kind": "plain",
                "required": true
              },
              "create_time": {
                "type": "string",
                "description_kind": "plain",
                "computed": true
              },
              "description": {
                "type": "string",
                "description_kind": "plain",
                "optional": true
              },
              "domain": {
                "type": "string",
                "description_kind": "plain",
                "optional": true
              },
              "id": {
                "type": "string",
                "description_kind": "plain",
                "optional": true,
                "computed": true
              },
              "name": {
                "type": "string",
                "description_kind": "plain",
                "optional": true
              },
              "private_key": {
                "type": "string",
                "description_kind": "plain",
                "required": true
              },
              "region": {
                "type": "string",
                "description_kind": "plain",
                "optional": true,
                "computed": true
              },
              "update_time": {
                "type": "string",
                "description_kind": "plain",
                "computed": true
              }
            },
            "block_types": {
              "timeouts": {
                "nesting_mode": "single",
                "block": {
                  "attributes": {
                    "create": {
                      "type": "string",
                      "description_kind": "plain",
                      "optional": true
                    },
                    "delete": {
                      "type": "string",
                      "description_kind": "plain",
                      "optional": true
                    },
                    "update": {
                      "type": "string",
                      "description_kind": "plain",
                      "optional": true
                    }
                  },
                  "description_kind": "plain"
                }
              }
            },
            "description_kind": "plain",
            "deprecated": true
          }
        },
        "flexibleengine_lb_l7policy_v2": {
          "version": 0,
          "block": {
            "attributes": {
              "action": {
                "type": "string",
                "description_kind": "plain",
                "required": true
              },
              "admin_state_up": {
                "type": "bool",
                "description_kind": "plain",
                "optional": true
              },
              "description": {
                "type": "string",
                "description_kind": "plain",
                "optional": true
              },
              "id": {
                "type": "string",
                "description_kind": "plain",
                "optional": true,
                "computed": true
              },
              "listener_id": {
                "type": "string",
                "description_kind": "plain",
                "required": true
              },
              "name": {
                "type": "string",
                "description_kind": "plain",
                "optional": true
              },
              "position": {
                "type": "number",
                "description_kind": "plain",
                "optional": true,
                "computed": true
              },
              "redirect_listener_id": {
                "type": "string",
                "description_kind": "plain",
                "optional": true
              },
              "redirect_pool_id": {
                "type": "string",
                "description_kind": "plain",
                "optional": true
              },
              "region": {
                "type": "string",
                "description_kind": "plain",
                "optional": true,
                "computed": true
              },
              "tenant_id": {
                "type": "string",
                "description_kind": "plain",
                "optional": true,
                "computed": true
              }
            },
            "block_types": {
              "timeouts": {
                "nesting_mode": "single",
                "block": {
                  "attributes": {
                    "create": {
                      "type": "string",
                      "description_kind": "plain",
                      "optional": true
                    },
                    "delete": {
                      "type": "string",
                      "description_kind": "plain",
                      "optional": true
                    },
                    "update": {
                      "type": "string",
                      "description_kind": "plain",
                      "optional": true
                    }
                  },
                  "description_kind": "plain"
                }
              }
            },
            "description_kind": "plain"
          }
        },
        "flexibleengine_lb_l7rule_v2": {
          "version": 0,
          "block": {
            "attributes": {
              "admin_state_up": {
                "type": "bool",
                "description_kind": "plain",
                "optional": true
              },
              "compare_type": {
                "type": "string",
                "description_kind": "plain",
                "required": true
              },
              "id": {
                "type": "string",
                "description_kind": "plain",
                "optional": true,
                "computed": true
              },
              "key": {
                "type": "string",
                "description_kind": "plain",
                "optional": true
              },
              "l7policy_id": {
                "type": "string",
                "description_kind": "plain",
                "required": true
              },
              "listener_id": {
                "type": "string",
                "description_kind": "plain",
                "computed": true
              },
              "region": {
                "type": "string",
                "description_kind": "plain",
                "optional": true,
                "computed": true
              },
              "tenant_id": {
                "type": "string",
                "description_kind": "plain",
                "optional": true,
                "computed": true
              },
              "type": {
                "type": "string",
                "description_kind": "plain",
                "required": true
              },
              "value": {
                "type": "string",
                "description_kind": "plain",
                "required": true
              }
            },
            "block_types": {
              "timeouts": {
                "nesting_mode": "single",
                "block": {
                  "attributes": {
                    "create": {
                      "type": "string",
                      "description_kind": "plain",
                      "optional": true
                    },
                    "delete": {
                      "type": "string",
                      "description_kind": "plain",
                      "optional": true
                    },
                    "update": {
                      "type": "string",
                      "description_kind": "plain",
                      "optional": true
                    }
                  },
                  "description_kind": "plain"
                }
              }
            },
            "description_kind": "plain"
          }
        },
        "flexibleengine_lb_listener_v2": {
          "version": 0,
          "block": {
            "attributes": {
              "admin_state_up": {
                "type": "bool",
                "description_kind": "plain",
                "deprecated": true,
                "optional": true
              },
              "default_pool_id": {
                "type": "string",
                "description_kind": "plain",
                "optional": true,
                "computed": true
              },
              "default_tls_container_ref": {
                "type": "string",
                "description_kind": "plain",
                "optional": true
              },
              "description": {
                "type": "string",
                "description_kind": "plain",
                "optional": true
              },
              "http2_enable": {
                "type": "bool",
                "description_kind": "plain",
                "optional": true
              },
              "id": {
                "type": "string",
                "description_kind": "plain",
                "optional": true,
                "computed": true
              },
              "idle_timeout": {
                "type": "number",
                "description_kind": "plain",
                "optional": true,
                "computed": true
              },
              "loadbalancer_id": {
                "type": "string",
                "description_kind": "plain",
                "required": true
              },
              "name": {
                "type": "string",
                "description_kind": "plain",
                "optional": true,
                "computed": true
              },
              "protocol": {
                "type": "string",
                "description_kind": "plain",
                "required": true
              },
              "protocol_port": {
                "type": "number",
                "description_kind": "plain",
                "required": true
              },
              "region": {
                "type": "string",
                "description_kind": "plain",
                "optional": true,
                "computed": true
              },
              "request_timeout": {
                "type": "number",
                "description_kind": "plain",
                "optional": true,
                "computed": true
              },
              "response_timeout": {
                "type": "number",
                "description_kind": "plain",
                "optional": true,
                "computed": true
              },
              "sni_container_refs": {
                "type": [
                  "list",
                  "string"
                ],
                "description_kind": "plain",
                "optional": true
              },
              "tags": {
                "type": [
                  "map",
                  "string"
                ],
                "description_kind": "plain",
                "optional": true
              },
              "tenant_id": {
                "type": "string",
                "description_kind": "plain",
                "deprecated": true,
                "optional": true,
                "computed": true
              },
              "tls_ciphers_policy": {
                "type": "string",
                "description_kind": "plain",
                "optional": true,
                "computed": true
              },
              "transparent_client_ip_enable": {
                "type": "bool",
                "description_kind": "plain",
                "optional": true,
                "computed": true
              }
            },
            "block_types": {
              "timeouts": {
                "nesting_mode": "single",
                "block": {
                  "attributes": {
                    "create": {
                      "type": "string",
                      "description_kind": "plain",
                      "optional": true
                    },
                    "delete": {
                      "type": "string",
                      "description_kind": "plain",
                      "optional": true
                    },
                    "update": {
                      "type": "string",
                      "description_kind": "plain",
                      "optional": true
                    }
                  },
                  "description_kind": "plain"
                }
              }
            },
            "description_kind": "plain"
          }
        },
        "flexibleengine_lb_listener_v3": {
          "version": 0,
          "block": {
            "attributes": {
              "access_policy": {
                "type": "string",
                "description_kind": "plain",
                "optional": true
              },
              "advanced_forwarding_enabled": {
                "type": "bool",
                "description_kind": "plain",
                "optional": true,
                "computed": true
              },
              "ca_certificate": {
                "type": "string",
                "description_kind": "plain",
                "optional": true
              },
              "default_pool_id": {
                "type": "string",
                "description_kind": "plain",
                "optional": true,
                "computed": true
              },
              "description": {
                "type": "string",
                "description_kind": "plain",
                "optional": true
              },
              "forward_eip": {
                "type": "bool",
                "description_kind": "plain",
                "optional": true
              },
              "http2_enable": {
                "type": "bool",
                "description_kind": "plain",
                "optional": true
              },
              "id": {
                "type": "string",
                "description_kind": "plain",
                "optional": true,
                "computed": true
              },
              "idle_timeout": {
                "type": "number",
                "description_kind": "plain",
                "optional": true,
                "computed": true
              },
              "ip_group": {
                "type": "string",
                "description_kind": "plain",
                "optional": true
              },
              "loadbalancer_id": {
                "type": "string",
                "description_kind": "plain",
                "required": true
              },
              "name": {
                "type": "string",
                "description_kind": "plain",
                "optional": true,
                "computed": true
              },
              "protocol": {
                "type": "string",
                "description_kind": "plain",
                "required": true
              },
              "protocol_port": {
                "type": "number",
                "description_kind": "plain",
                "required": true
              },
              "region": {
                "type": "string",
                "description_kind": "plain",
                "optional": true,
                "computed": true
              },
              "request_timeout": {
                "type": "number",
                "description_kind": "plain",
                "optional": true,
                "computed": true
              },
              "response_timeout": {
                "type": "number",
                "description_kind": "plain",
                "optional": true,
                "computed": true
              },
              "server_certificate": {
                "type": "string",
                "description_kind": "plain",
                "optional": true
              },
              "sni_certificate": {
                "type": [
                  "list",
                  "string"
                ],
                "description_kind": "plain",
                "optional": true
              },
              "tags": {
                "type": [
                  "map",
                  "string"
                ],
                "description_kind": "plain",
                "optional": true
              },
              "tls_ciphers_policy": {
                "type": "string",
                "description_kind": "plain",
                "optional": true,
                "computed": true
              }
            },
            "block_types": {
              "timeouts": {
                "nesting_mode": "single",
                "block": {
                  "attributes": {
                    "create": {
                      "type": "string",
                      "description_kind": "plain",
                      "optional": true
                    },
                    "delete": {
                      "type": "string",
                      "description_kind": "plain",
                      "optional": true
                    },
                    "update": {
                      "type": "string",
                      "description_kind": "plain",
                      "optional": true
                    }
                  },
                  "description_kind": "plain"
                }
              }
            },
            "description_kind": "plain"
          }
        },
        "flexibleengine_lb_loadbalancer_v2": {
          "version": 0,
          "block": {
            "attributes": {
              "admin_state_up": {
                "type": "bool",
                "description_kind": "plain",
                "optional": true
              },
              "description": {
                "type": "string",
                "description_kind": "plain",
                "optional": true
              },
              "flavor": {
                "type": "string",
                "description_kind": "plain",
                "optional": true
              },
              "id": {
                "type": "string",
                "description_kind": "plain",
                "optional": true,
                "computed": true
              },
              "loadbalancer_provider": {
                "type": "string",
                "description_kind": "plain",
                "optional": true,
                "computed": true
              },
              "name": {
                "type": "string",
                "description_kind": "plain",
                "optional": true
              },
              "region": {
                "type": "string",
                "description_kind": "plain",
                "optional": true,
                "computed": true
              },
              "security_group_ids": {
                "type": [
                  "set",
                  "string"
                ],
                "description_kind": "plain",
                "optional": true,
                "computed": true
              },
              "tags": {
                "type": [
                  "map",
                  "string"
                ],
                "description_kind": "plain",
                "optional": true
              },
              "tenant_id": {
                "type": "string",
                "description_kind": "plain",
                "optional": true,
                "computed": true
              },
              "vip_address": {
                "type": "string",
                "description_kind": "plain",
                "optional": true,
                "computed": true
              },
              "vip_port_id": {
                "type": "string",
                "description_kind": "plain",
                "computed": true
              },
              "vip_subnet_id": {
                "type": "string",
                "description_kind": "plain",
                "required": true
              }
            },
            "block_types": {
              "timeouts": {
                "nesting_mode": "single",
                "block": {
                  "attributes": {
                    "create": {
                      "type": "string",
                      "description_kind": "plain",
                      "optional": true
                    },
                    "delete": {
                      "type": "string",
                      "description_kind": "plain",
                      "optional": true
                    },
                    "update": {
                      "type": "string",
                      "description_kind": "plain",
                      "optional": true
                    }
                  },
                  "description_kind": "plain"
                }
              }
            },
            "description_kind": "plain"
          }
        },
        "flexibleengine_lb_loadbalancer_v3": {
          "version": 0,
          "block": {
            "attributes": {
              "auto_pay": {
                "type": "string",
                "description_kind": "plain",
                "optional": true
              },
              "auto_renew": {
                "type": "string",
                "description_kind": "plain",
                "optional": true
              },
              "autoscaling_enabled": {
                "type": "bool",
                "description_kind": "plain",
                "optional": true,
                "computed": true
              },
              "availability_zone": {
                "type": [
                  "list",
                  "string"
                ],
                "description_kind": "plain",
                "required": true
              },
              "bandwidth_charge_mode": {
                "type": "string",
                "description_kind": "plain",
                "optional": true,
                "computed": true
              },
              "bandwidth_size": {
                "type": "number",
                "description_kind": "plain",
                "optional": true,
                "computed": true
              },
              "charging_mode": {
                "type": "string",
                "description_kind": "plain",
                "optional": true,
                "computed": true
              },
              "cross_vpc_backend": {
                "type": "bool",
                "description_kind": "plain",
                "optional": true,
                "computed": true
              },
              "description": {
                "type": "string",
                "description_kind": "plain",
                "optional": true
              },
              "enterprise_project_id": {
                "type": "string",
                "description_kind": "plain",
                "optional": true,
                "computed": true
              },
              "id": {
                "type": "string",
                "description_kind": "plain",
                "optional": true,
                "computed": true
              },
              "iptype": {
                "type": "string",
                "description_kind": "plain",
                "optional": true,
                "computed": true
              },
              "ipv4_address": {
                "type": "string",
                "description_kind": "plain",
                "optional": true,
                "computed": true
              },
              "ipv4_eip": {
                "type": "string",
                "description_kind": "plain",
                "computed": true
              },
              "ipv4_eip_id": {
                "type": "string",
                "description_kind": "plain",
                "optional": true,
                "computed": true
              },
              "ipv4_subnet_id": {
                "type": "string",
                "description": "the IPv4 subnet ID of the subnet where the load balancer resides",
                "description_kind": "plain",
                "optional": true
              },
              "ipv6_address": {
                "type": "string",
                "description_kind": "plain",
                "computed": true
              },
              "ipv6_bandwidth_id": {
                "type": "string",
                "description_kind": "plain",
                "optional": true
              },
              "ipv6_eip": {
                "type": "string",
                "description_kind": "plain",
                "computed": true
              },
              "ipv6_eip_id": {
                "type": "string",
                "description_kind": "plain",
                "computed": true
              },
              "ipv6_network_id": {
                "type": "string",
                "description": "the ID of the subnet where the load balancer resides",
                "description_kind": "plain",
                "optional": true
              },
              "l4_flavor_id": {
                "type": "string",
                "description_kind": "plain",
                "optional": true,
                "computed": true
              },
              "l7_flavor_id": {
                "type": "string",
                "description_kind": "plain",
                "optional": true,
                "computed": true
              },
              "min_l7_flavor_id": {
                "type": "string",
                "description_kind": "plain",
                "optional": true,
                "computed": true
              },
              "name": {
                "type": "string",
                "description_kind": "plain",
                "required": true
              },
              "period": {
                "type": "number",
                "description_kind": "plain",
                "optional": true
              },
              "period_unit": {
                "type": "string",
                "description_kind": "plain",
                "optional": true
              },
              "region": {
                "type": "string",
                "description_kind": "plain",
                "optional": true,
                "computed": true
              },
              "sharetype": {
                "type": "string",
                "description_kind": "plain",
                "optional": true,
                "computed": true
              },
              "tags": {
                "type": [
                  "map",
                  "string"
                ],
                "description_kind": "plain",
                "optional": true
              },
              "vpc_id": {
                "type": "string",
                "description_kind": "plain",
                "optional": true,
                "computed": true
              }
            },
            "block_types": {
              "timeouts": {
                "nesting_mode": "single",
                "block": {
                  "attributes": {
                    "create": {
                      "type": "string",
                      "description_kind": "plain",
                      "optional": true
                    },
                    "delete": {
                      "type": "string",
                      "description_kind": "plain",
                      "optional": true
                    },
                    "update": {
                      "type": "string",
                      "description_kind": "plain",
                      "optional": true
                    }
                  },
                  "description_kind": "plain"
                }
              }
            },
            "description_kind": "plain"
          }
        },
        "flexibleengine_lb_member_v2": {
          "version": 0,
          "block": {
            "attributes": {
              "address": {
                "type": "string",
                "description_kind": "plain",
                "required": true
              },
              "admin_state_up": {
                "type": "bool",
                "description_kind": "plain",
                "optional": true
              },
              "id": {
                "type": "string",
                "description_kind": "plain",
                "optional": true,
                "computed": true
              },
              "name": {
                "type": "string",
                "description_kind": "plain",
                "optional": true
              },
              "pool_id": {
                "type": "string",
                "description_kind": "plain",
                "required": true
              },
              "protocol_port": {
                "type": "number",
                "description_kind": "plain",
                "required": true
              },
              "region": {
                "type": "string",
                "description_kind": "plain",
                "optional": true,
                "computed": true
              },
              "subnet_id": {
                "type": "string",
                "description_kind": "plain",
                "required": true
              },
              "tenant_id": {
                "type": "string",
                "description_kind": "plain",
                "optional": true,
                "computed": true
              },
              "weight": {
                "type": "number",
                "description_kind": "plain",
                "optional": true,
                "computed": true
              }
            },
            "block_types": {
              "timeouts": {
                "nesting_mode": "single",
                "block": {
                  "attributes": {
                    "create": {
                      "type": "string",
                      "description_kind": "plain",
                      "optional": true
                    },
                    "delete": {
                      "type": "string",
                      "description_kind": "plain",
                      "optional": true
                    },
                    "update": {
                      "type": "string",
                      "description_kind": "plain",
                      "optional": true
                    }
                  },
                  "description_kind": "plain"
                }
              }
            },
            "description_kind": "plain"
          }
        },
        "flexibleengine_lb_member_v3": {
          "version": 0,
          "block": {
            "attributes": {
              "address": {
                "type": "string",
                "description_kind": "plain",
                "required": true
              },
              "id": {
                "type": "string",
                "description_kind": "plain",
                "optional": true,
                "computed": true
              },
              "name": {
                "type": "string",
                "description_kind": "plain",
                "optional": true
              },
              "pool_id": {
                "type": "string",
                "description_kind": "plain",
                "required": true
              },
              "protocol_port": {
                "type": "number",
                "description_kind": "plain",
                "required": true
              },
              "region": {
                "type": "string",
                "description_kind": "plain",
                "optional": true,
                "computed": true
              },
              "subnet_id": {
                "type": "string",
                "description": "The IPv4 or IPv6 subnet ID of the subnet in which to access the member",
                "description_kind": "plain",
                "optional": true
              },
              "weight": {
                "type": "number",
                "description_kind": "plain",
                "optional": true,
                "computed": true
              }
            },
            "block_types": {
              "timeouts": {
                "nesting_mode": "single",
                "block": {
                  "attributes": {
                    "create": {
                      "type": "string",
                      "description_kind": "plain",
                      "optional": true
                    },
                    "delete": {
                      "type": "string",
                      "description_kind": "plain",
                      "optional": true
                    },
                    "update": {
                      "type": "string",
                      "description_kind": "plain",
                      "optional": true
                    }
                  },
                  "description_kind": "plain"
                }
              }
            },
            "description_kind": "plain"
          }
        },
        "flexibleengine_lb_monitor_v2": {
          "version": 0,
          "block": {
            "attributes": {
              "admin_state_up": {
                "type": "bool",
                "description_kind": "plain",
                "optional": true
              },
              "delay": {
                "type": "number",
                "description_kind": "plain",
                "required": true
              },
              "expected_codes": {
                "type": "string",
                "description_kind": "plain",
                "optional": true,
                "computed": true
              },
              "http_method": {
                "type": "string",
                "description_kind": "plain",
                "optional": true,
                "computed": true
              },
              "id": {
                "type": "string",
                "description_kind": "plain",
                "optional": true,
                "computed": true
              },
              "max_retries": {
                "type": "number",
                "description_kind": "plain",
                "required": true
              },
              "name": {
                "type": "string",
                "description_kind": "plain",
                "optional": true
              },
              "pool_id": {
                "type": "string",
                "description_kind": "plain",
                "required": true
              },
              "port": {
                "type": "number",
                "description_kind": "plain",
                "optional": true
              },
              "region": {
                "type": "string",
                "description_kind": "plain",
                "optional": true,
                "computed": true
              },
              "tenant_id": {
                "type": "string",
                "description_kind": "plain",
                "optional": true,
                "computed": true
              },
              "timeout": {
                "type": "number",
                "description_kind": "plain",
                "required": true
              },
              "type": {
                "type": "string",
                "description_kind": "plain",
                "required": true
              },
              "url_path": {
                "type": "string",
                "description_kind": "plain",
                "optional": true,
                "computed": true
              }
            },
            "block_types": {
              "timeouts": {
                "nesting_mode": "single",
                "block": {
                  "attributes": {
                    "create": {
                      "type": "string",
                      "description_kind": "plain",
                      "optional": true
                    },
                    "delete": {
                      "type": "string",
                      "description_kind": "plain",
                      "optional": true
                    },
                    "update": {
                      "type": "string",
                      "description_kind": "plain",
                      "optional": true
                    }
                  },
                  "description_kind": "plain"
                }
              }
            },
            "description_kind": "plain"
          }
        },
        "flexibleengine_lb_monitor_v3": {
          "version": 0,
          "block": {
            "attributes": {
              "domain_name": {
                "type": "string",
                "description_kind": "plain",
                "optional": true
              },
              "id": {
                "type": "string",
                "description_kind": "plain",
                "optional": true,
                "computed": true
              },
              "interval": {
                "type": "number",
                "description_kind": "plain",
                "required": true
              },
              "max_retries": {
                "type": "number",
                "description_kind": "plain",
                "required": true
              },
              "pool_id": {
                "type": "string",
                "description_kind": "plain",
                "required": true
              },
              "port": {
                "type": "number",
                "description_kind": "plain",
                "optional": true
              },
              "protocol": {
                "type": "string",
                "description_kind": "plain",
                "required": true
              },
              "region": {
                "type": "string",
                "description_kind": "plain",
                "optional": true,
                "computed": true
              },
              "timeout": {
                "type": "number",
                "description_kind": "plain",
                "required": true
              },
              "url_path": {
                "type": "string",
                "description_kind": "plain",
                "optional": true,
                "computed": true
              }
            },
            "description_kind": "plain"
          }
        },
        "flexibleengine_lb_pool_v2": {
          "version": 0,
          "block": {
            "attributes": {
              "admin_state_up": {
                "type": "bool",
                "description_kind": "plain",
                "optional": true
              },
              "description": {
                "type": "string",
                "description_kind": "plain",
                "optional": true
              },
              "id": {
                "type": "string",
                "description_kind": "plain",
                "optional": true,
                "computed": true
              },
              "lb_method": {
                "type": "string",
                "description_kind": "plain",
                "required": true
              },
              "listener_id": {
                "type": "string",
                "description_kind": "plain",
                "optional": true,
                "computed": true
              },
              "loadbalancer_id": {
                "type": "string",
                "description_kind": "plain",
                "optional": true,
                "computed": true
              },
              "name": {
                "type": "string",
                "description_kind": "plain",
                "optional": true
              },
              "protocol": {
                "type": "string",
                "description_kind": "plain",
                "required": true
              },
              "region": {
                "type": "string",
                "description_kind": "plain",
                "optional": true,
                "computed": true
              },
              "tenant_id": {
                "type": "string",
                "description_kind": "plain",
                "deprecated": true,
                "optional": true,
                "computed": true
              }
            },
            "block_types": {
              "persistence": {
                "nesting_mode": "list",
                "block": {
                  "attributes": {
                    "cookie_name": {
                      "type": "string",
                      "description_kind": "plain",
                      "optional": true
                    },
                    "timeout": {
                      "type": "number",
                      "description_kind": "plain",
                      "optional": true,
                      "computed": true
                    },
                    "type": {
                      "type": "string",
                      "description_kind": "plain",
                      "required": true
                    }
                  },
                  "description_kind": "plain"
                }
              },
              "timeouts": {
                "nesting_mode": "single",
                "block": {
                  "attributes": {
                    "create": {
                      "type": "string",
                      "description_kind": "plain",
                      "optional": true
                    },
                    "delete": {
                      "type": "string",
                      "description_kind": "plain",
                      "optional": true
                    },
                    "update": {
                      "type": "string",
                      "description_kind": "plain",
                      "optional": true
                    }
                  },
                  "description_kind": "plain"
                }
              }
            },
            "description_kind": "plain"
          }
        },
        "flexibleengine_lb_pool_v3": {
          "version": 0,
          "block": {
            "attributes": {
              "description": {
                "type": "string",
                "description_kind": "plain",
                "optional": true
              },
              "id": {
                "type": "string",
                "description_kind": "plain",
                "optional": true,
                "computed": true
              },
              "lb_method": {
                "type": "string",
                "description_kind": "plain",
                "required": true
              },
              "listener_id": {
                "type": "string",
                "description_kind": "plain",
                "optional": true,
                "computed": true
              },
              "loadbalancer_id": {
                "type": "string",
                "description_kind": "plain",
                "optional": true,
                "computed": true
              },
              "name": {
                "type": "string",
                "description_kind": "plain",
                "optional": true
              },
              "protocol": {
                "type": "string",
                "description_kind": "plain",
                "required": true
              },
              "region": {
                "type": "string",
                "description_kind": "plain",
                "optional": true,
                "computed": true
              }
            },
            "block_types": {
              "persistence": {
                "nesting_mode": "list",
                "block": {
                  "attributes": {
                    "cookie_name": {
                      "type": "string",
                      "description_kind": "plain",
                      "optional": true
                    },
                    "timeout": {
                      "type": "number",
                      "description_kind": "plain",
                      "optional": true,
                      "computed": true
                    },
                    "type": {
                      "type": "string",
                      "description_kind": "plain",
                      "required": true
                    }
                  },
                  "description_kind": "plain"
                }
              },
              "timeouts": {
                "nesting_mode": "single",
                "block": {
                  "attributes": {
                    "create": {
                      "type": "string",
                      "description_kind": "plain",
                      "optional": true
                    },
                    "delete": {
                      "type": "string",
                      "description_kind": "plain",
                      "optional": true
                    },
                    "update": {
                      "type": "string",
                      "description_kind": "plain",
                      "optional": true
                    }
                  },
                  "description_kind": "plain"
                }
              }
            },
            "description_kind": "plain"
          }
        },
        "flexibleengine_lb_whitelist_v2": {
          "version": 0,
          "block": {
            "attributes": {
              "enable_whitelist": {
                "type": "bool",
                "description_kind": "plain",
                "optional": true
              },
              "id": {
                "type": "string",
                "description_kind": "plain",
                "optional": true,
                "computed": true
              },
              "listener_id": {
                "type": "string",
                "description_kind": "plain",
                "required": true
              },
              "tenant_id": {
                "type": "string",
                "description_kind": "plain",
                "optional": true,
                "computed": true
              },
              "whitelist": {
                "type": "string",
                "description_kind": "plain",
                "optional": true
              }
            },
            "block_types": {
              "timeouts": {
                "nesting_mode": "single",
                "block": {
                  "attributes": {
                    "create": {
                      "type": "string",
                      "description_kind": "plain",
                      "optional": true
                    },
                    "delete": {
                      "type": "string",
                      "description_kind": "plain",
                      "optional": true
                    },
                    "update": {
                      "type": "string",
                      "description_kind": "plain",
                      "optional": true
                    }
                  },
                  "description_kind": "plain"
                }
              }
            },
            "description_kind": "plain"
          }
        },
        "flexibleengine_lts_group": {
          "version": 0,
          "block": {
            "attributes": {
              "group_name": {
                "type": "string",
                "description_kind": "plain",
                "required": true
              },
              "id": {
                "type": "string",
                "description_kind": "plain",
                "optional": true,
                "computed": true
              },
              "region": {
                "type": "string",
                "description_kind": "plain",
                "optional": true,
                "computed": true
              },
              "ttl_in_days": {
                "type": "number",
                "description_kind": "plain",
                "computed": true
              }
            },
            "description_kind": "plain"
          }
        },
        "flexibleengine_lts_topic": {
          "version": 0,
          "block": {
            "attributes": {
              "filter_count": {
                "type": "number",
                "description_kind": "plain",
                "computed": true
              },
              "group_id": {
                "type": "string",
                "description_kind": "plain",
                "required": true
              },
              "id": {
                "type": "string",
                "description_kind": "plain",
                "optional": true,
                "computed": true
              },
              "index_enabled": {
                "type": "bool",
                "description_kind": "plain",
                "deprecated": true,
                "computed": true
              },
              "region": {
                "type": "string",
                "description_kind": "plain",
                "optional": true,
                "computed": true
              },
              "topic_name": {
                "type": "string",
                "description_kind": "plain",
                "required": true
              }
            },
            "description_kind": "plain"
          }
        },
        "flexibleengine_mls_instance_v1": {
          "version": 0,
          "block": {
            "attributes": {
              "agency": {
                "type": "string",
                "description_kind": "plain",
                "optional": true,
                "computed": true
              },
              "created": {
                "type": "string",
                "description_kind": "plain",
                "optional": true,
                "computed": true
              },
              "flavor": {
                "type": "string",
                "description_kind": "plain",
                "required": true
              },
              "id": {
                "type": "string",
                "description_kind": "plain",
                "optional": true,
                "computed": true
              },
              "inner_endpoint": {
                "type": "string",
                "description_kind": "plain",
                "optional": true,
                "computed": true
              },
              "name": {
                "type": "string",
                "description_kind": "plain",
                "required": true
              },
              "public_endpoint": {
                "type": "string",
                "description_kind": "plain",
                "optional": true,
                "computed": true
              },
              "region": {
                "type": "string",
                "description_kind": "plain",
                "optional": true,
                "computed": true
              },
              "status": {
                "type": "string",
                "description_kind": "plain",
                "optional": true,
                "computed": true
              },
              "updated": {
                "type": "string",
                "description_kind": "plain",
                "optional": true,
                "computed": true
              },
              "version": {
                "type": "string",
                "description_kind": "plain",
                "required": true
              }
            },
            "block_types": {
              "mrs_cluster": {
                "nesting_mode": "list",
                "block": {
                  "attributes": {
                    "id": {
                      "type": "string",
                      "description_kind": "plain",
                      "required": true
                    },
                    "user_name": {
                      "type": "string",
                      "description_kind": "plain",
                      "optional": true,
                      "computed": true
                    },
                    "user_password": {
                      "type": "string",
                      "description_kind": "plain",
                      "optional": true,
                      "computed": true,
                      "sensitive": true
                    }
                  },
                  "description_kind": "plain"
                },
                "min_items": 1,
                "max_items": 1
              },
              "network": {
                "nesting_mode": "list",
                "block": {
                  "attributes": {
                    "available_zone": {
                      "type": "string",
                      "description_kind": "plain",
                      "required": true
                    },
                    "security_group": {
                      "type": "string",
                      "description_kind": "plain",
                      "optional": true,
                      "computed": true
                    },
                    "subnet_id": {
                      "type": "string",
                      "description_kind": "plain",
                      "required": true
                    },
                    "vpc_id": {
                      "type": "string",
                      "description_kind": "plain",
                      "required": true
                    }
                  },
                  "block_types": {
                    "public_ip": {
                      "nesting_mode": "list",
                      "block": {
                        "attributes": {
                          "bind_type": {
                            "type": "string",
                            "description_kind": "plain",
                            "required": true
                          },
                          "eip_id": {
                            "type": "string",
                            "description_kind": "plain",
                            "optional": true,
                            "computed": true
                          }
                        },
                        "description_kind": "plain"
                      },
                      "min_items": 1,
                      "max_items": 1
                    }
                  },
                  "description_kind": "plain"
                },
                "min_items": 1,
                "max_items": 1
              },
              "timeouts": {
                "nesting_mode": "single",
                "block": {
                  "attributes": {
                    "create": {
                      "type": "string",
                      "description_kind": "plain",
                      "optional": true
                    },
                    "delete": {
                      "type": "string",
                      "description_kind": "plain",
                      "optional": true
                    }
                  },
                  "description_kind": "plain"
                }
              }
            },
            "description_kind": "plain"
          }
        },
        "flexibleengine_modelarts_dataset": {
          "version": 0,
          "block": {
            "attributes": {
              "created_at": {
                "type": "string",
                "description_kind": "plain",
                "computed": true
              },
              "data_format": {
                "type": "string",
                "description_kind": "plain",
                "computed": true
              },
              "description": {
                "type": "string",
                "description_kind": "plain",
                "optional": true
              },
              "id": {
                "type": "string",
                "description_kind": "plain",
                "optional": true,
                "computed": true
              },
              "import_labeled_enabled": {
                "type": "bool",
                "description_kind": "plain",
                "optional": true
              },
              "name": {
                "type": "string",
                "description_kind": "plain",
                "required": true
              },
              "output_path": {
                "type": "string",
                "description_kind": "plain",
                "required": true
              },
              "region": {
                "type": "string",
                "description_kind": "plain",
                "optional": true,
                "computed": true
              },
              "status": {
                "type": "number",
                "description_kind": "plain",
                "computed": true
              },
              "type": {
                "type": "number",
                "description_kind": "plain",
                "required": true
              }
            },
            "block_types": {
              "data_source": {
                "nesting_mode": "list",
                "block": {
                  "attributes": {
                    "cluster_id": {
                      "type": "string",
                      "description_kind": "plain",
                      "optional": true
                    },
                    "data_type": {
                      "type": "number",
                      "description_kind": "plain",
                      "optional": true
                    },
                    "database_name": {
                      "type": "string",
                      "description_kind": "plain",
                      "optional": true
                    },
                    "password": {
                      "type": "string",
                      "description_kind": "plain",
                      "optional": true,
                      "sensitive": true
                    },
                    "path": {
                      "type": "string",
                      "description_kind": "plain",
                      "optional": true
                    },
                    "queue_name": {
                      "type": "string",
                      "description_kind": "plain",
                      "optional": true
                    },
                    "table_name": {
                      "type": "string",
                      "description_kind": "plain",
                      "optional": true
                    },
                    "user_name": {
                      "type": "string",
                      "description_kind": "plain",
                      "optional": true
                    },
                    "with_column_header": {
                      "type": "bool",
                      "description_kind": "plain",
                      "optional": true
                    }
                  },
                  "description_kind": "plain"
                },
                "min_items": 1,
                "max_items": 1
              },
              "label_format": {
                "nesting_mode": "list",
                "block": {
                  "attributes": {
                    "label_separator": {
                      "type": "string",
                      "description_kind": "plain",
                      "optional": true
                    },
                    "text_label_separator": {
                      "type": "string",
                      "description_kind": "plain",
                      "optional": true
                    },
                    "type": {
                      "type": "string",
                      "description_kind": "plain",
                      "optional": true
                    }
                  },
                  "description": "It is required only the dataType=100",
                  "description_kind": "plain"
                },
                "max_items": 1
              },
              "labels": {
                "nesting_mode": "list",
                "block": {
                  "attributes": {
                    "name": {
                      "type": "string",
                      "description_kind": "plain",
                      "required": true
                    },
                    "property_color": {
                      "type": "string",
                      "description_kind": "plain",
                      "optional": true,
                      "computed": true
                    },
                    "property_shape": {
                      "type": "string",
                      "description_kind": "plain",
                      "optional": true,
                      "computed": true
                    },
                    "property_shortcut": {
                      "type": "string",
                      "description_kind": "plain",
                      "optional": true,
                      "computed": true
                    }
                  },
                  "description_kind": "plain"
                }
              },
              "schemas": {
                "nesting_mode": "list",
                "block": {
                  "attributes": {
                    "name": {
                      "type": "string",
                      "description_kind": "plain",
                      "required": true
                    },
                    "type": {
                      "type": "string",
                      "description_kind": "plain",
                      "required": true
                    }
                  },
                  "description_kind": "plain"
                }
              },
              "timeouts": {
                "nesting_mode": "single",
                "block": {
                  "attributes": {
                    "create": {
                      "type": "string",
                      "description_kind": "plain",
                      "optional": true
                    },
                    "delete": {
                      "type": "string",
                      "description_kind": "plain",
                      "optional": true
                    }
                  },
                  "description_kind": "plain"
                }
              }
            },
            "description_kind": "plain"
          }
        },
        "flexibleengine_modelarts_dataset_version": {
          "version": 0,
          "block": {
            "attributes": {
              "created_at": {
                "type": "string",
                "description_kind": "plain",
                "computed": true
              },
              "dataset_id": {
                "type": "string",
                "description_kind": "plain",
                "required": true
              },
              "description": {
                "type": "string",
                "description_kind": "plain",
                "optional": true
              },
              "files": {
                "type": "number",
                "description_kind": "plain",
                "computed": true
              },
              "hard_example": {
                "type": "bool",
                "description_kind": "plain",
                "optional": true
              },
              "id": {
                "type": "string",
                "description_kind": "plain",
                "optional": true,
                "computed": true
              },
              "is_current": {
                "type": "bool",
                "description_kind": "plain",
                "computed": true
              },
              "labeling_type": {
                "type": "string",
                "description_kind": "plain",
                "computed": true
              },
              "name": {
                "type": "string",
                "description_kind": "plain",
                "required": true
              },
              "region": {
                "type": "string",
                "description_kind": "plain",
                "optional": true,
                "computed": true
              },
              "split_ratio": {
                "type": "string",
                "description_kind": "plain",
                "optional": true
              },
              "status": {
                "type": "number",
                "description_kind": "plain",
                "computed": true
              },
              "storage_path": {
                "type": "string",
                "description_kind": "plain",
                "computed": true
              },
              "updated_at": {
                "type": "string",
                "description_kind": "plain",
                "computed": true
              },
              "verification": {
                "type": "bool",
                "description_kind": "plain",
                "computed": true
              },
              "version_id": {
                "type": "string",
                "description_kind": "plain",
                "computed": true
              }
            },
            "block_types": {
              "timeouts": {
                "nesting_mode": "single",
                "block": {
                  "attributes": {
                    "create": {
                      "type": "string",
                      "description_kind": "plain",
                      "optional": true
                    }
                  },
                  "description_kind": "plain"
                }
              }
            },
            "description_kind": "plain"
          }
        },
        "flexibleengine_mrs_cluster_v1": {
          "version": 0,
          "block": {
            "attributes": {
              "available_zone_id": {
                "type": "string",
                "description_kind": "plain",
                "required": true
              },
              "available_zone_name": {
                "type": "string",
                "description_kind": "plain",
                "computed": true
              },
              "billing_type": {
                "type": "number",
                "description_kind": "plain",
                "optional": true
              },
              "charging_start_time": {
                "type": "string",
                "description_kind": "plain",
                "computed": true
              },
              "cluster_admin_secret": {
                "type": "string",
                "description_kind": "plain",
                "optional": true,
                "sensitive": true
              },
              "cluster_id": {
                "type": "string",
                "description_kind": "plain",
                "computed": true
              },
              "cluster_name": {
                "type": "string",
                "description_kind": "plain",
                "required": true
              },
              "cluster_state": {
                "type": "string",
                "description_kind": "plain",
                "computed": true
              },
              "cluster_type": {
                "type": "number",
                "description_kind": "plain",
                "optional": true,
                "computed": true
              },
              "cluster_version": {
                "type": "string",
                "description_kind": "plain",
                "optional": true,
                "computed": true
              },
              "core_node_num": {
                "type": "number",
                "description_kind": "plain",
                "required": true
              },
              "core_node_product_id": {
                "type": "string",
                "description_kind": "plain",
                "computed": true
              },
              "core_node_size": {
                "type": "string",
                "description_kind": "plain",
                "required": true
              },
              "core_node_spec_id": {
                "type": "string",
                "description_kind": "plain",
                "computed": true
              },
              "create_at": {
                "type": "string",
                "description_kind": "plain",
                "computed": true
              },
              "deployment_id": {
                "type": "string",
                "description_kind": "plain",
                "computed": true
              },
              "duration": {
                "type": "string",
                "description_kind": "plain",
                "computed": true
              },
              "error_info": {
                "type": "string",
                "description_kind": "plain",
                "computed": true
              },
              "external_alternate_ip": {
                "type": "string",
                "description_kind": "plain",
                "computed": true
              },
              "external_ip": {
                "type": "string",
                "description_kind": "plain",
                "computed": true
              },
              "fee": {
                "type": "string",
                "description_kind": "plain",
                "computed": true
              },
              "hadoop_version": {
                "type": "string",
                "description_kind": "plain",
                "computed": true
              },
              "id": {
                "type": "string",
                "description_kind": "plain",
                "optional": true,
                "computed": true
              },
              "instance_id": {
                "type": "string",
                "description_kind": "plain",
                "computed": true
              },
              "internal_ip": {
                "type": "string",
                "description_kind": "plain",
                "computed": true
              },
              "log_collection": {
                "type": "number",
                "description_kind": "plain",
                "optional": true,
                "computed": true
              },
              "master_node_ip": {
                "type": "string",
                "description_kind": "plain",
                "computed": true
              },
              "master_node_num": {
                "type": "number",
                "description_kind": "plain",
                "required": true
              },
              "master_node_product_id": {
                "type": "string",
                "description_kind": "plain",
                "computed": true
              },
              "master_node_size": {
                "type": "string",
                "description_kind": "plain",
                "required": true
              },
              "master_node_spec_id": {
                "type": "string",
                "description_kind": "plain",
                "computed": true
              },
              "node_public_cert_name": {
                "type": "string",
                "description_kind": "plain",
                "required": true
              },
              "order_id": {
                "type": "string",
                "description_kind": "plain",
                "computed": true
              },
              "private_ip_first": {
                "type": "string",
                "description_kind": "plain",
                "computed": true
              },
              "region": {
                "type": "string",
                "description_kind": "plain",
                "optional": true,
                "computed": true
              },
              "remark": {
                "type": "string",
                "description_kind": "plain",
                "computed": true
              },
              "safe_mode": {
                "type": "number",
                "description_kind": "plain",
                "required": true
              },
              "security_groups_id": {
                "type": "string",
                "description_kind": "plain",
                "computed": true
              },
              "slave_security_groups_id": {
                "type": "string",
                "description_kind": "plain",
                "computed": true
              },
              "subnet_id": {
                "type": "string",
                "description_kind": "plain",
                "required": true
              },
              "tenant_id": {
                "type": "string",
                "description_kind": "plain",
                "computed": true
              },
              "update_at": {
                "type": "string",
                "description_kind": "plain",
                "computed": true
              },
              "vnc": {
                "type": "string",
                "description_kind": "plain",
                "computed": true
              },
              "volume_size": {
                "type": "number",
                "description_kind": "plain",
                "required": true
              },
              "volume_type": {
                "type": "string",
                "description_kind": "plain",
                "required": true
              },
              "vpc_id": {
                "type": "string",
                "description_kind": "plain",
                "required": true
              }
            },
            "block_types": {
              "add_jobs": {
                "nesting_mode": "list",
                "block": {
                  "attributes": {
                    "arguments": {
                      "type": "string",
                      "description_kind": "plain",
                      "optional": true,
                      "computed": true
                    },
                    "file_action": {
                      "type": "string",
                      "description_kind": "plain",
                      "optional": true,
                      "computed": true
                    },
                    "hive_script_path": {
                      "type": "string",
                      "description_kind": "plain",
                      "optional": true,
                      "computed": true
                    },
                    "hql": {
                      "type": "string",
                      "description_kind": "plain",
                      "optional": true,
                      "computed": true
                    },
                    "input": {
                      "type": "string",
                      "description_kind": "plain",
                      "optional": true,
                      "computed": true
                    },
                    "jar_path": {
                      "type": "string",
                      "description_kind": "plain",
                      "required": true
                    },
                    "job_log": {
                      "type": "string",
                      "description_kind": "plain",
                      "optional": true,
                      "computed": true
                    },
                    "job_name": {
                      "type": "string",
                      "description_kind": "plain",
                      "required": true
                    },
                    "job_type": {
                      "type": "number",
                      "description_kind": "plain",
                      "required": true
                    },
                    "output": {
                      "type": "string",
                      "description_kind": "plain",
                      "optional": true,
                      "computed": true
                    },
                    "shutdown_cluster": {
                      "type": "bool",
                      "description_kind": "plain",
                      "optional": true,
                      "computed": true
                    },
                    "submit_job_once_cluster_run": {
                      "type": "bool",
                      "description_kind": "plain",
                      "required": true
                    }
                  },
                  "description_kind": "plain"
                }
              },
              "component_list": {
                "nesting_mode": "list",
                "block": {
                  "attributes": {
                    "component_desc": {
                      "type": "string",
                      "description_kind": "plain",
                      "computed": true
                    },
                    "component_id": {
                      "type": "string",
                      "description_kind": "plain",
                      "computed": true
                    },
                    "component_name": {
                      "type": "string",
                      "description_kind": "plain",
                      "required": true
                    },
                    "component_version": {
                      "type": "string",
                      "description_kind": "plain",
                      "computed": true
                    }
                  },
                  "description_kind": "plain"
                },
                "min_items": 1
              },
              "timeouts": {
                "nesting_mode": "single",
                "block": {
                  "attributes": {
                    "create": {
                      "type": "string",
                      "description_kind": "plain",
                      "optional": true
                    },
                    "delete": {
                      "type": "string",
                      "description_kind": "plain",
                      "optional": true
                    }
                  },
                  "description_kind": "plain"
                }
              }
            },
            "description_kind": "plain"
          }
        },
        "flexibleengine_mrs_cluster_v2": {
          "version": 0,
          "block": {
            "attributes": {
              "availability_zone": {
                "type": "string",
                "description_kind": "plain",
                "required": true
              },
              "charging_start_time": {
                "type": "string",
                "description_kind": "plain",
                "computed": true
              },
              "component_list": {
                "type": [
                  "set",
                  "string"
                ],
                "description_kind": "plain",
                "required": true
              },
              "components": {
                "type": [
                  "list",
                  [
                    "object",
                    {
                      "description": "string",
                      "id": "string",
                      "name": "string",
                      "version": "string"
                    }
                  ]
                ],
                "description_kind": "plain",
                "computed": true
              },
              "create_time": {
                "type": "string",
                "description_kind": "plain",
                "computed": true
              },
              "eip_id": {
                "type": "string",
                "description_kind": "plain",
                "optional": true,
                "computed": true
              },
              "id": {
                "type": "string",
                "description_kind": "plain",
                "optional": true,
                "computed": true
              },
              "log_collection": {
                "type": "bool",
                "description_kind": "plain",
                "optional": true
              },
              "manager_admin_pwd": {
                "type": "string",
                "description_kind": "plain",
                "required": true,
                "sensitive": true
              },
              "master_node_ip": {
                "type": "string",
                "description_kind": "plain",
                "computed": true
              },
              "name": {
                "type": "string",
                "description_kind": "plain",
                "required": true
              },
              "node_key_pair": {
                "type": "string",
                "description_kind": "plain",
                "required": true
              },
              "private_ip": {
                "type": "string",
                "description_kind": "plain",
                "computed": true
              },
              "public_ip": {
                "type": "string",
                "description_kind": "plain",
                "optional": true,
                "computed": true
              },
              "region": {
                "type": "string",
                "description_kind": "plain",
                "optional": true,
                "computed": true
              },
              "safe_mode": {
                "type": "bool",
                "description_kind": "plain",
                "optional": true
              },
              "security_group_ids": {
                "type": [
                  "set",
                  "string"
                ],
                "description_kind": "plain",
                "optional": true,
                "computed": true
              },
              "status": {
                "type": "string",
                "description_kind": "plain",
                "computed": true
              },
              "subnet_id": {
                "type": "string",
                "description_kind": "plain",
                "required": true
              },
              "tags": {
                "type": [
                  "map",
                  "string"
                ],
                "description_kind": "plain",
                "optional": true
              },
              "template_id": {
                "type": "string",
                "description_kind": "plain",
                "optional": true
              },
              "total_node_number": {
                "type": "number",
                "description_kind": "plain",
                "computed": true
              },
              "type": {
                "type": "string",
                "description_kind": "plain",
                "optional": true
              },
              "update_time": {
                "type": "string",
                "description_kind": "plain",
                "computed": true
              },
              "version": {
                "type": "string",
                "description_kind": "plain",
                "required": true
              },
              "vpc_id": {
                "type": "string",
                "description_kind": "plain",
                "required": true
              }
            },
            "block_types": {
              "analysis_core_nodes": {
                "nesting_mode": "list",
                "block": {
                  "attributes": {
                    "assigned_roles": {
                      "type": [
                        "list",
                        "string"
                      ],
                      "description_kind": "plain",
                      "optional": true
                    },
                    "data_volume_count": {
                      "type": "number",
                      "description_kind": "plain",
                      "required": true
                    },
                    "data_volume_size": {
                      "type": "number",
                      "description_kind": "plain",
                      "optional": true
                    },
                    "data_volume_type": {
                      "type": "string",
                      "description_kind": "plain",
                      "optional": true
                    },
                    "flavor": {
                      "type": "string",
                      "description_kind": "plain",
                      "required": true
                    },
                    "host_ips": {
                      "type": [
                        "list",
                        "string"
                      ],
                      "description_kind": "plain",
                      "computed": true
                    },
                    "node_number": {
                      "type": "number",
                      "description_kind": "plain",
                      "required": true
                    },
                    "root_volume_size": {
                      "type": "number",
                      "description_kind": "plain",
                      "required": true
                    },
                    "root_volume_type": {
                      "type": "string",
                      "description_kind": "plain",
                      "required": true
                    }
                  },
                  "description_kind": "plain"
                },
                "max_items": 1
              },
              "analysis_task_nodes": {
                "nesting_mode": "list",
                "block": {
                  "attributes": {
                    "assigned_roles": {
                      "type": [
                        "list",
                        "string"
                      ],
                      "description_kind": "plain",
                      "optional": true
                    },
                    "data_volume_count": {
                      "type": "number",
                      "description_kind": "plain",
                      "required": true
                    },
                    "data_volume_size": {
                      "type": "number",
                      "description_kind": "plain",
                      "optional": true
                    },
                    "data_volume_type": {
                      "type": "string",
                      "description_kind": "plain",
                      "optional": true
                    },
                    "flavor": {
                      "type": "string",
                      "description_kind": "plain",
                      "required": true
                    },
                    "host_ips": {
                      "type": [
                        "list",
                        "string"
                      ],
                      "description_kind": "plain",
                      "computed": true
                    },
                    "node_number": {
                      "type": "number",
                      "description_kind": "plain",
                      "required": true
                    },
                    "root_volume_size": {
                      "type": "number",
                      "description_kind": "plain",
                      "required": true
                    },
                    "root_volume_type": {
                      "type": "string",
                      "description_kind": "plain",
                      "required": true
                    }
                  },
                  "description_kind": "plain"
                },
                "max_items": 1
              },
              "custom_nodes": {
                "nesting_mode": "list",
                "block": {
                  "attributes": {
                    "assigned_roles": {
                      "type": [
                        "list",
                        "string"
                      ],
                      "description_kind": "plain",
                      "optional": true
                    },
                    "data_volume_count": {
                      "type": "number",
                      "description_kind": "plain",
                      "required": true
                    },
                    "data_volume_size": {
                      "type": "number",
                      "description_kind": "plain",
                      "optional": true
                    },
                    "data_volume_type": {
                      "type": "string",
                      "description_kind": "plain",
                      "optional": true
                    },
                    "flavor": {
                      "type": "string",
                      "description_kind": "plain",
                      "required": true
                    },
                    "group_name": {
                      "type": "string",
                      "description_kind": "plain",
                      "required": true
                    },
                    "host_ips": {
                      "type": [
                        "list",
                        "string"
                      ],
                      "description_kind": "plain",
                      "computed": true
                    },
                    "node_number": {
                      "type": "number",
                      "description_kind": "plain",
                      "required": true
                    },
                    "root_volume_size": {
                      "type": "number",
                      "description_kind": "plain",
                      "required": true
                    },
                    "root_volume_type": {
                      "type": "string",
                      "description_kind": "plain",
                      "required": true
                    }
                  },
                  "description_kind": "plain"
                }
              },
              "master_nodes": {
                "nesting_mode": "list",
                "block": {
                  "attributes": {
                    "assigned_roles": {
                      "type": [
                        "list",
                        "string"
                      ],
                      "description_kind": "plain",
                      "optional": true
                    },
                    "data_volume_count": {
                      "type": "number",
                      "description_kind": "plain",
                      "required": true
                    },
                    "data_volume_size": {
                      "type": "number",
                      "description_kind": "plain",
                      "optional": true
                    },
                    "data_volume_type": {
                      "type": "string",
                      "description_kind": "plain",
                      "optional": true
                    },
                    "flavor": {
                      "type": "string",
                      "description_kind": "plain",
                      "required": true
                    },
                    "host_ips": {
                      "type": [
                        "list",
                        "string"
                      ],
                      "description_kind": "plain",
                      "computed": true
                    },
                    "node_number": {
                      "type": "number",
                      "description_kind": "plain",
                      "required": true
                    },
                    "root_volume_size": {
                      "type": "number",
                      "description_kind": "plain",
                      "required": true
                    },
                    "root_volume_type": {
                      "type": "string",
                      "description_kind": "plain",
                      "required": true
                    }
                  },
                  "description_kind": "plain"
                },
                "min_items": 1,
                "max_items": 1
              },
              "streaming_core_nodes": {
                "nesting_mode": "list",
                "block": {
                  "attributes": {
                    "assigned_roles": {
                      "type": [
                        "list",
                        "string"
                      ],
                      "description_kind": "plain",
                      "optional": true
                    },
                    "data_volume_count": {
                      "type": "number",
                      "description_kind": "plain",
                      "required": true
                    },
                    "data_volume_size": {
                      "type": "number",
                      "description_kind": "plain",
                      "optional": true
                    },
                    "data_volume_type": {
                      "type": "string",
                      "description_kind": "plain",
                      "optional": true
                    },
                    "flavor": {
                      "type": "string",
                      "description_kind": "plain",
                      "required": true
                    },
                    "host_ips": {
                      "type": [
                        "list",
                        "string"
                      ],
                      "description_kind": "plain",
                      "computed": true
                    },
                    "node_number": {
                      "type": "number",
                      "description_kind": "plain",
                      "required": true
                    },
                    "root_volume_size": {
                      "type": "number",
                      "description_kind": "plain",
                      "required": true
                    },
                    "root_volume_type": {
                      "type": "string",
                      "description_kind": "plain",
                      "required": true
                    }
                  },
                  "description_kind": "plain"
                },
                "max_items": 1
              },
              "streaming_task_nodes": {
                "nesting_mode": "list",
                "block": {
                  "attributes": {
                    "assigned_roles": {
                      "type": [
                        "list",
                        "string"
                      ],
                      "description_kind": "plain",
                      "optional": true
                    },
                    "data_volume_count": {
                      "type": "number",
                      "description_kind": "plain",
                      "required": true
                    },
                    "data_volume_size": {
                      "type": "number",
                      "description_kind": "plain",
                      "optional": true
                    },
                    "data_volume_type": {
                      "type": "string",
                      "description_kind": "plain",
                      "optional": true
                    },
                    "flavor": {
                      "type": "string",
                      "description_kind": "plain",
                      "required": true
                    },
                    "host_ips": {
                      "type": [
                        "list",
                        "string"
                      ],
                      "description_kind": "plain",
                      "computed": true
                    },
                    "node_number": {
                      "type": "number",
                      "description_kind": "plain",
                      "required": true
                    },
                    "root_volume_size": {
                      "type": "number",
                      "description_kind": "plain",
                      "required": true
                    },
                    "root_volume_type": {
                      "type": "string",
                      "description_kind": "plain",
                      "required": true
                    }
                  },
                  "description_kind": "plain"
                },
                "max_items": 1
              },
              "timeouts": {
                "nesting_mode": "single",
                "block": {
                  "attributes": {
                    "create": {
                      "type": "string",
                      "description_kind": "plain",
                      "optional": true
                    },
                    "delete": {
                      "type": "string",
                      "description_kind": "plain",
                      "optional": true
                    },
                    "update": {
                      "type": "string",
                      "description_kind": "plain",
                      "optional": true
                    }
                  },
                  "description_kind": "plain"
                }
              }
            },
            "description_kind": "plain"
          }
        },
        "flexibleengine_mrs_hybrid_cluster_v1": {
          "version": 0,
          "block": {
            "attributes": {
              "available_zone": {
                "type": "string",
                "description_kind": "plain",
                "required": true
              },
              "billing_type": {
                "type": "string",
                "description_kind": "plain",
                "computed": true
              },
              "charging_start_time": {
                "type": "string",
                "description_kind": "plain",
                "computed": true
              },
              "cluster_admin_secret": {
                "type": "string",
                "description_kind": "plain",
                "optional": true,
                "sensitive": true
              },
              "cluster_name": {
                "type": "string",
                "description_kind": "plain",
                "required": true
              },
              "cluster_version": {
                "type": "string",
                "description_kind": "plain",
                "optional": true,
                "computed": true
              },
              "component_list": {
                "type": [
                  "list",
                  "string"
                ],
                "description_kind": "plain",
                "required": true
              },
              "components": {
                "type": [
                  "list",
                  [
                    "object",
                    {
                      "component_desc": "string",
                      "component_id": "string",
                      "component_name": "string",
                      "component_version": "string"
                    }
                  ]
                ],
                "description_kind": "plain",
                "computed": true
              },
              "create_at": {
                "type": "string",
                "description_kind": "plain",
                "computed": true
              },
              "external_alternate_ip": {
                "type": "string",
                "description_kind": "plain",
                "computed": true
              },
              "external_ip": {
                "type": "string",
                "description_kind": "plain",
                "computed": true
              },
              "id": {
                "type": "string",
                "description_kind": "plain",
                "optional": true,
                "computed": true
              },
              "internal_ip": {
                "type": "string",
                "description_kind": "plain",
                "computed": true
              },
              "log_collection": {
                "type": "number",
                "description_kind": "plain",
                "optional": true
              },
              "master_node_ip": {
                "type": "string",
                "description_kind": "plain",
                "computed": true
              },
              "master_node_key_pair": {
                "type": "string",
                "description_kind": "plain",
                "required": true
              },
              "private_ip_first": {
                "type": "string",
                "description_kind": "plain",
                "computed": true
              },
              "region": {
                "type": "string",
                "description_kind": "plain",
                "optional": true,
                "computed": true
              },
              "safe_mode": {
                "type": "number",
                "description_kind": "plain",
                "optional": true
              },
              "security_group_id": {
                "type": "string",
                "description_kind": "plain",
                "optional": true
              },
              "state": {
                "type": "string",
                "description_kind": "plain",
                "computed": true
              },
              "subnet_id": {
                "type": "string",
                "description_kind": "plain",
                "required": true
              },
              "total_node_number": {
                "type": "number",
                "description_kind": "plain",
                "computed": true
              },
              "update_at": {
                "type": "string",
                "description_kind": "plain",
                "computed": true
              },
              "vnc": {
                "type": "string",
                "description_kind": "plain",
                "computed": true
              },
              "vpc_id": {
                "type": "string",
                "description_kind": "plain",
                "required": true
              }
            },
            "block_types": {
              "analysis_core_nodes": {
                "nesting_mode": "list",
                "block": {
                  "attributes": {
                    "data_volume_count": {
                      "type": "number",
                      "description_kind": "plain",
                      "required": true
                    },
                    "data_volume_size": {
                      "type": "number",
                      "description_kind": "plain",
                      "required": true
                    },
                    "data_volume_type": {
                      "type": "string",
                      "description_kind": "plain",
                      "required": true
                    },
                    "flavor": {
                      "type": "string",
                      "description_kind": "plain",
                      "required": true
                    },
                    "node_number": {
                      "type": "number",
                      "description_kind": "plain",
                      "required": true
                    },
                    "root_volume_size": {
                      "type": "number",
                      "description_kind": "plain",
                      "computed": true
                    },
                    "root_volume_type": {
                      "type": "string",
                      "description_kind": "plain",
                      "computed": true
                    }
                  },
                  "description_kind": "plain"
                },
                "min_items": 1,
                "max_items": 1
              },
              "analysis_task_nodes": {
                "nesting_mode": "list",
                "block": {
                  "attributes": {
                    "data_volume_count": {
                      "type": "number",
                      "description_kind": "plain",
                      "required": true
                    },
                    "data_volume_size": {
                      "type": "number",
                      "description_kind": "plain",
                      "required": true
                    },
                    "data_volume_type": {
                      "type": "string",
                      "description_kind": "plain",
                      "required": true
                    },
                    "flavor": {
                      "type": "string",
                      "description_kind": "plain",
                      "required": true
                    },
                    "node_number": {
                      "type": "number",
                      "description_kind": "plain",
                      "required": true
                    },
                    "root_volume_size": {
                      "type": "number",
                      "description_kind": "plain",
                      "computed": true
                    },
                    "root_volume_type": {
                      "type": "string",
                      "description_kind": "plain",
                      "computed": true
                    }
                  },
                  "description_kind": "plain"
                },
                "max_items": 1
              },
              "master_nodes": {
                "nesting_mode": "list",
                "block": {
                  "attributes": {
                    "data_volume_count": {
                      "type": "number",
                      "description_kind": "plain",
                      "required": true
                    },
                    "data_volume_size": {
                      "type": "number",
                      "description_kind": "plain",
                      "required": true
                    },
                    "data_volume_type": {
                      "type": "string",
                      "description_kind": "plain",
                      "required": true
                    },
                    "flavor": {
                      "type": "string",
                      "description_kind": "plain",
                      "required": true
                    },
                    "node_number": {
                      "type": "number",
                      "description_kind": "plain",
                      "required": true
                    },
                    "root_volume_size": {
                      "type": "number",
                      "description_kind": "plain",
                      "computed": true
                    },
                    "root_volume_type": {
                      "type": "string",
                      "description_kind": "plain",
                      "computed": true
                    }
                  },
                  "description_kind": "plain"
                },
                "min_items": 1,
                "max_items": 1
              },
              "streaming_core_nodes": {
                "nesting_mode": "list",
                "block": {
                  "attributes": {
                    "data_volume_count": {
                      "type": "number",
                      "description_kind": "plain",
                      "required": true
                    },
                    "data_volume_size": {
                      "type": "number",
                      "description_kind": "plain",
                      "required": true
                    },
                    "data_volume_type": {
                      "type": "string",
                      "description_kind": "plain",
                      "required": true
                    },
                    "flavor": {
                      "type": "string",
                      "description_kind": "plain",
                      "required": true
                    },
                    "node_number": {
                      "type": "number",
                      "description_kind": "plain",
                      "required": true
                    },
                    "root_volume_size": {
                      "type": "number",
                      "description_kind": "plain",
                      "computed": true
                    },
                    "root_volume_type": {
                      "type": "string",
                      "description_kind": "plain",
                      "computed": true
                    }
                  },
                  "description_kind": "plain"
                },
                "min_items": 1,
                "max_items": 1
              },
              "streaming_task_nodes": {
                "nesting_mode": "list",
                "block": {
                  "attributes": {
                    "data_volume_count": {
                      "type": "number",
                      "description_kind": "plain",
                      "required": true
                    },
                    "data_volume_size": {
                      "type": "number",
                      "description_kind": "plain",
                      "required": true
                    },
                    "data_volume_type": {
                      "type": "string",
                      "description_kind": "plain",
                      "required": true
                    },
                    "flavor": {
                      "type": "string",
                      "description_kind": "plain",
                      "required": true
                    },
                    "node_number": {
                      "type": "number",
                      "description_kind": "plain",
                      "required": true
                    },
                    "root_volume_size": {
                      "type": "number",
                      "description_kind": "plain",
                      "computed": true
                    },
                    "root_volume_type": {
                      "type": "string",
                      "description_kind": "plain",
                      "computed": true
                    }
                  },
                  "description_kind": "plain"
                },
                "max_items": 1
              },
              "timeouts": {
                "nesting_mode": "single",
                "block": {
                  "attributes": {
                    "create": {
                      "type": "string",
                      "description_kind": "plain",
                      "optional": true
                    },
                    "delete": {
                      "type": "string",
                      "description_kind": "plain",
                      "optional": true
                    }
                  },
                  "description_kind": "plain"
                }
              }
            },
            "description_kind": "plain"
          }
        },
        "flexibleengine_mrs_job_v1": {
          "version": 0,
          "block": {
            "attributes": {
              "arguments": {
                "type": "string",
                "description_kind": "plain",
                "optional": true,
                "computed": true
              },
              "cluster_id": {
                "type": "string",
                "description_kind": "plain",
                "required": true
              },
              "hive_script_path": {
                "type": "string",
                "description_kind": "plain",
                "optional": true,
                "computed": true
              },
              "id": {
                "type": "string",
                "description_kind": "plain",
                "optional": true,
                "computed": true
              },
              "input": {
                "type": "string",
                "description_kind": "plain",
                "optional": true,
                "computed": true
              },
              "is_protected": {
                "type": "bool",
                "description_kind": "plain",
                "optional": true,
                "computed": true
              },
              "is_public": {
                "type": "bool",
                "description_kind": "plain",
                "optional": true,
                "computed": true
              },
              "jar_path": {
                "type": "string",
                "description_kind": "plain",
                "required": true
              },
              "job_log": {
                "type": "string",
                "description_kind": "plain",
                "optional": true,
                "computed": true
              },
              "job_name": {
                "type": "string",
                "description_kind": "plain",
                "required": true
              },
              "job_state": {
                "type": "string",
                "description_kind": "plain",
                "computed": true
              },
              "job_type": {
                "type": "number",
                "description_kind": "plain",
                "required": true
              },
              "output": {
                "type": "string",
                "description_kind": "plain",
                "optional": true,
                "computed": true
              },
              "region": {
                "type": "string",
                "description_kind": "plain",
                "optional": true,
                "computed": true
              }
            },
            "block_types": {
              "timeouts": {
                "nesting_mode": "single",
                "block": {
                  "attributes": {
                    "create": {
                      "type": "string",
                      "description_kind": "plain",
                      "optional": true
                    },
                    "delete": {
                      "type": "string",
                      "description_kind": "plain",
                      "optional": true
                    },
                    "update": {
                      "type": "string",
                      "description_kind": "plain",
                      "optional": true
                    }
                  },
                  "description_kind": "plain"
                }
              }
            },
            "description_kind": "plain"
          }
        },
        "flexibleengine_mrs_job_v2": {
          "version": 0,
          "block": {
            "attributes": {
              "cluster_id": {
                "type": "string",
                "description_kind": "plain",
                "required": true
              },
              "finish_time": {
                "type": "string",
                "description_kind": "plain",
                "computed": true
              },
              "id": {
                "type": "string",
                "description_kind": "plain",
                "optional": true,
                "computed": true
              },
              "name": {
                "type": "string",
                "description_kind": "plain",
                "required": true
              },
              "parameters": {
                "type": "string",
                "description_kind": "plain",
                "optional": true
              },
              "program_parameters": {
                "type": [
                  "map",
                  "string"
                ],
                "description_kind": "plain",
                "optional": true
              },
              "program_path": {
                "type": "string",
                "description_kind": "plain",
                "optional": true
              },
              "region": {
                "type": "string",
                "description_kind": "plain",
                "optional": true,
                "computed": true
              },
              "service_parameters": {
                "type": [
                  "map",
                  "string"
                ],
                "description_kind": "plain",
                "optional": true
              },
              "sql": {
                "type": "string",
                "description_kind": "plain",
                "optional": true
              },
              "start_time": {
                "type": "string",
                "description_kind": "plain",
                "computed": true
              },
              "status": {
                "type": "string",
                "description_kind": "plain",
                "computed": true
              },
              "submit_time": {
                "type": "string",
                "description_kind": "plain",
                "computed": true
              },
              "type": {
                "type": "string",
                "description_kind": "plain",
                "required": true
              }
            },
            "block_types": {
              "timeouts": {
                "nesting_mode": "single",
                "block": {
                  "attributes": {
                    "create": {
                      "type": "string",
                      "description_kind": "plain",
                      "optional": true
                    }
                  },
                  "description_kind": "plain"
                }
              }
            },
            "description_kind": "plain"
          }
        },
        "flexibleengine_nat_dnat_rule_v2": {
          "version": 0,
          "block": {
            "attributes": {
              "created_at": {
                "type": "string",
                "description_kind": "plain",
                "computed": true
              },
              "description": {
                "type": "string",
                "description_kind": "plain",
                "optional": true,
                "computed": true
              },
              "external_service_port": {
                "type": "number",
                "description_kind": "plain",
                "required": true
              },
              "floating_ip_address": {
                "type": "string",
                "description_kind": "plain",
                "computed": true
              },
              "floating_ip_id": {
                "type": "string",
                "description_kind": "plain",
                "required": true
              },
              "id": {
                "type": "string",
                "description_kind": "plain",
                "optional": true,
                "computed": true
              },
              "internal_service_port": {
                "type": "number",
                "description_kind": "plain",
                "required": true
              },
              "nat_gateway_id": {
                "type": "string",
                "description_kind": "plain",
                "required": true
              },
              "port_id": {
                "type": "string",
                "description_kind": "plain",
                "optional": true
              },
              "private_ip": {
                "type": "string",
                "description_kind": "plain",
                "optional": true
              },
              "protocol": {
                "type": "string",
                "description_kind": "plain",
                "required": true
              },
              "status": {
                "type": "string",
                "description_kind": "plain",
                "computed": true
              }
            },
            "description_kind": "plain"
          }
        },
        "flexibleengine_nat_gateway_v2": {
          "version": 0,
          "block": {
            "attributes": {
              "description": {
                "type": "string",
                "description_kind": "plain",
                "optional": true,
                "computed": true
              },
              "id": {
                "type": "string",
                "description_kind": "plain",
                "optional": true,
                "computed": true
              },
              "internal_network_id": {
                "type": "string",
                "description_kind": "plain",
                "deprecated": true,
                "optional": true
              },
              "name": {
                "type": "string",
                "description_kind": "plain",
                "required": true
              },
              "region": {
                "type": "string",
                "description_kind": "plain",
                "optional": true,
                "computed": true
              },
              "router_id": {
                "type": "string",
                "description_kind": "plain",
                "deprecated": true,
                "optional": true
              },
              "spec": {
                "type": "string",
                "description_kind": "plain",
                "required": true
              },
              "status": {
                "type": "string",
                "description_kind": "plain",
                "computed": true
              },
              "subnet_id": {
                "type": "string",
                "description_kind": "plain",
                "optional": true,
                "computed": true
              },
              "tenant_id": {
                "type": "string",
                "description_kind": "plain",
                "deprecated": true,
                "optional": true
              },
              "vpc_id": {
                "type": "string",
                "description_kind": "plain",
                "optional": true,
                "computed": true
              }
            },
            "block_types": {
              "timeouts": {
                "nesting_mode": "single",
                "block": {
                  "attributes": {
                    "create": {
                      "type": "string",
                      "description_kind": "plain",
                      "optional": true
                    },
                    "delete": {
                      "type": "string",
                      "description_kind": "plain",
                      "optional": true
                    }
                  },
                  "description_kind": "plain"
                }
              }
            },
            "description_kind": "plain"
          }
        },
        "flexibleengine_nat_snat_rule_v2": {
          "version": 0,
          "block": {
            "attributes": {
              "cidr": {
                "type": "string",
                "description_kind": "plain",
                "optional": true
              },
              "floating_ip_address": {
                "type": "string",
                "description_kind": "plain",
                "computed": true
              },
              "floating_ip_id": {
                "type": "string",
                "description_kind": "plain",
                "required": true
              },
              "id": {
                "type": "string",
                "description_kind": "plain",
                "optional": true,
                "computed": true
              },
              "nat_gateway_id": {
                "type": "string",
                "description_kind": "plain",
                "required": true
              },
              "network_id": {
                "type": "string",
                "description_kind": "plain",
                "deprecated": true,
                "optional": true
              },
              "region": {
                "type": "string",
                "description_kind": "plain",
                "optional": true,
                "computed": true
              },
              "source_type": {
                "type": "number",
                "description_kind": "plain",
                "optional": true
              },
              "status": {
                "type": "string",
                "description_kind": "plain",
                "computed": true
              },
              "subnet_id": {
                "type": "string",
                "description_kind": "plain",
                "optional": true,
                "computed": true
              }
            },
            "block_types": {
              "timeouts": {
                "nesting_mode": "single",
                "block": {
                  "attributes": {
                    "create": {
                      "type": "string",
                      "description_kind": "plain",
                      "optional": true
                    },
                    "delete": {
                      "type": "string",
                      "description_kind": "plain",
                      "optional": true
                    }
                  },
                  "description_kind": "plain"
                }
              }
            },
            "description_kind": "plain"
          }
        },
        "flexibleengine_network_acl": {
          "version": 0,
          "block": {
            "attributes": {
              "description": {
                "type": "string",
                "description_kind": "plain",
                "optional": true
              },
              "id": {
                "type": "string",
                "description_kind": "plain",
                "optional": true,
                "computed": true
              },
              "inbound_policy_id": {
                "type": "string",
                "description_kind": "plain",
                "computed": true
              },
              "inbound_rules": {
                "type": [
                  "list",
                  "string"
                ],
                "description_kind": "plain",
                "optional": true
              },
              "name": {
                "type": "string",
                "description_kind": "plain",
                "required": true
              },
              "outbound_policy_id": {
                "type": "string",
                "description_kind": "plain",
                "computed": true
              },
              "outbound_rules": {
                "type": [
                  "list",
                  "string"
                ],
                "description_kind": "plain",
                "optional": true
              },
              "ports": {
                "type": [
                  "set",
                  "string"
                ],
                "description_kind": "plain",
                "computed": true
              },
              "status": {
                "type": "string",
                "description_kind": "plain",
                "computed": true
              },
              "subnets": {
                "type": [
                  "set",
                  "string"
                ],
                "description_kind": "plain",
                "optional": true
              }
            },
            "block_types": {
              "timeouts": {
                "nesting_mode": "single",
                "block": {
                  "attributes": {
                    "create": {
                      "type": "string",
                      "description_kind": "plain",
                      "optional": true
                    },
                    "delete": {
                      "type": "string",
                      "description_kind": "plain",
                      "optional": true
                    },
                    "update": {
                      "type": "string",
                      "description_kind": "plain",
                      "optional": true
                    }
                  },
                  "description_kind": "plain"
                }
              }
            },
            "description_kind": "plain"
          }
        },
        "flexibleengine_network_acl_rule": {
          "version": 0,
          "block": {
            "attributes": {
              "action": {
                "type": "string",
                "description_kind": "plain",
                "required": true
              },
              "description": {
                "type": "string",
                "description_kind": "plain",
                "optional": true
              },
              "destination_ip_address": {
                "type": "string",
                "description_kind": "plain",
                "optional": true
              },
              "destination_port": {
                "type": "string",
                "description_kind": "plain",
                "optional": true
              },
              "enabled": {
                "type": "bool",
                "description_kind": "plain",
                "optional": true
              },
              "id": {
                "type": "string",
                "description_kind": "plain",
                "optional": true,
                "computed": true
              },
              "ip_version": {
                "type": "number",
                "description_kind": "plain",
                "optional": true
              },
              "name": {
                "type": "string",
                "description_kind": "plain",
                "optional": true
              },
              "protocol": {
                "type": "string",
                "description_kind": "plain",
                "required": true
              },
              "source_ip_address": {
                "type": "string",
                "description_kind": "plain",
                "optional": true
              },
              "source_port": {
                "type": "string",
                "description_kind": "plain",
                "optional": true
              }
            },
            "description_kind": "plain"
          }
        },
        "flexibleengine_networking_floatingip_associate_v2": {
          "version": 0,
          "block": {
            "attributes": {
              "floating_ip": {
                "type": "string",
                "description_kind": "plain",
                "required": true
              },
              "id": {
                "type": "string",
                "description_kind": "plain",
                "optional": true,
                "computed": true
              },
              "port_id": {
                "type": "string",
                "description_kind": "plain",
                "required": true
              },
              "region": {
                "type": "string",
                "description_kind": "plain",
                "optional": true,
                "computed": true
              }
            },
            "description_kind": "plain"
          }
        },
        "flexibleengine_networking_floatingip_v2": {
          "version": 0,
          "block": {
            "attributes": {
              "address": {
                "type": "string",
                "description_kind": "plain",
                "computed": true
              },
              "fixed_ip": {
                "type": "string",
                "description_kind": "plain",
                "optional": true,
                "computed": true
              },
              "id": {
                "type": "string",
                "description_kind": "plain",
                "optional": true,
                "computed": true
              },
              "pool": {
                "type": "string",
                "description_kind": "plain",
                "optional": true
              },
              "port_id": {
                "type": "string",
                "description_kind": "plain",
                "optional": true,
                "computed": true
              },
              "region": {
                "type": "string",
                "description_kind": "plain",
                "optional": true,
                "computed": true
              },
              "tenant_id": {
                "type": "string",
                "description_kind": "plain",
                "optional": true,
                "computed": true
              },
              "value_specs": {
                "type": [
                  "map",
                  "string"
                ],
                "description_kind": "plain",
                "optional": true
              }
            },
            "block_types": {
              "timeouts": {
                "nesting_mode": "single",
                "block": {
                  "attributes": {
                    "create": {
                      "type": "string",
                      "description_kind": "plain",
                      "optional": true
                    },
                    "delete": {
                      "type": "string",
                      "description_kind": "plain",
                      "optional": true
                    }
                  },
                  "description_kind": "plain"
                }
              }
            },
            "description_kind": "plain"
          }
        },
        "flexibleengine_networking_network_v2": {
          "version": 0,
          "block": {
            "attributes": {
              "admin_state_up": {
                "type": "string",
                "description_kind": "plain",
                "optional": true,
                "computed": true
              },
              "id": {
                "type": "string",
                "description_kind": "plain",
                "optional": true,
                "computed": true
              },
              "name": {
                "type": "string",
                "description_kind": "plain",
                "optional": true
              },
              "region": {
                "type": "string",
                "description_kind": "plain",
                "optional": true,
                "computed": true
              },
              "shared": {
                "type": "string",
                "description_kind": "plain",
                "optional": true,
                "computed": true
              },
              "tenant_id": {
                "type": "string",
                "description_kind": "plain",
                "optional": true,
                "computed": true
              },
              "value_specs": {
                "type": [
                  "map",
                  "string"
                ],
                "description_kind": "plain",
                "optional": true
              }
            },
            "block_types": {
              "segments": {
                "nesting_mode": "list",
                "block": {
                  "attributes": {
                    "network_type": {
                      "type": "string",
                      "description_kind": "plain",
                      "optional": true
                    },
                    "physical_network": {
                      "type": "string",
                      "description_kind": "plain",
                      "optional": true
                    },
                    "segmentation_id": {
                      "type": "number",
                      "description_kind": "plain",
                      "optional": true
                    }
                  },
                  "description_kind": "plain"
                }
              },
              "timeouts": {
                "nesting_mode": "single",
                "block": {
                  "attributes": {
                    "create": {
                      "type": "string",
                      "description_kind": "plain",
                      "optional": true
                    },
                    "delete": {
                      "type": "string",
                      "description_kind": "plain",
                      "optional": true
                    }
                  },
                  "description_kind": "plain"
                }
              }
            },
            "description_kind": "plain"
          }
        },
        "flexibleengine_networking_port_v2": {
          "version": 0,
          "block": {
            "attributes": {
              "admin_state_up": {
                "type": "bool",
                "description_kind": "plain",
                "optional": true,
                "computed": true
              },
              "all_fixed_ips": {
                "type": [
                  "list",
                  "string"
                ],
                "description_kind": "plain",
                "computed": true
              },
              "device_id": {
                "type": "string",
                "description_kind": "plain",
                "optional": true,
                "computed": true
              },
              "device_owner": {
                "type": "string",
                "description_kind": "plain",
                "optional": true,
                "computed": true
              },
              "id": {
                "type": "string",
                "description_kind": "plain",
                "optional": true,
                "computed": true
              },
              "mac_address": {
                "type": "string",
                "description_kind": "plain",
                "optional": true,
                "computed": true
              },
              "name": {
                "type": "string",
                "description_kind": "plain",
                "optional": true
              },
              "network_id": {
                "type": "string",
                "description_kind": "plain",
                "required": true
              },
              "region": {
                "type": "string",
                "description_kind": "plain",
                "optional": true,
                "computed": true
              },
              "security_group_ids": {
                "type": [
                  "set",
                  "string"
                ],
                "description_kind": "plain",
                "optional": true,
                "computed": true
              },
              "tenant_id": {
                "type": "string",
                "description_kind": "plain",
                "optional": true,
                "computed": true
              },
              "value_specs": {
                "type": [
                  "map",
                  "string"
                ],
                "description_kind": "plain",
                "optional": true
              }
            },
            "block_types": {
              "allowed_address_pairs": {
                "nesting_mode": "set",
                "block": {
                  "attributes": {
                    "ip_address": {
                      "type": "string",
                      "description_kind": "plain",
                      "required": true
                    },
                    "mac_address": {
                      "type": "string",
                      "description_kind": "plain",
                      "optional": true,
                      "computed": true
                    }
                  },
                  "description_kind": "plain"
                }
              },
              "fixed_ip": {
                "nesting_mode": "set",
                "block": {
                  "attributes": {
                    "ip_address": {
                      "type": "string",
                      "description_kind": "plain",
                      "optional": true,
                      "computed": true
                    },
                    "subnet_id": {
                      "type": "string",
                      "description_kind": "plain",
                      "required": true
                    }
                  },
                  "description_kind": "plain"
                }
              },
              "timeouts": {
                "nesting_mode": "single",
                "block": {
                  "attributes": {
                    "create": {
                      "type": "string",
                      "description_kind": "plain",
                      "optional": true
                    },
                    "delete": {
                      "type": "string",
                      "description_kind": "plain",
                      "optional": true
                    }
                  },
                  "description_kind": "plain"
                }
              }
            },
            "description_kind": "plain"
          }
        },
        "flexibleengine_networking_router_interface_v2": {
          "version": 0,
          "block": {
            "attributes": {
              "id": {
                "type": "string",
                "description_kind": "plain",
                "optional": true,
                "computed": true
              },
              "port_id": {
                "type": "string",
                "description_kind": "plain",
                "optional": true,
                "computed": true
              },
              "region": {
                "type": "string",
                "description_kind": "plain",
                "optional": true,
                "computed": true
              },
              "router_id": {
                "type": "string",
                "description_kind": "plain",
                "required": true
              },
              "subnet_id": {
                "type": "string",
                "description_kind": "plain",
                "optional": true,
                "computed": true
              }
            },
            "block_types": {
              "timeouts": {
                "nesting_mode": "single",
                "block": {
                  "attributes": {
                    "create": {
                      "type": "string",
                      "description_kind": "plain",
                      "optional": true
                    },
                    "delete": {
                      "type": "string",
                      "description_kind": "plain",
                      "optional": true
                    }
                  },
                  "description_kind": "plain"
                }
              }
            },
            "description_kind": "plain"
          }
        },
        "flexibleengine_networking_router_route_v2": {
          "version": 0,
          "block": {
            "attributes": {
              "destination_cidr": {
                "type": "string",
                "description_kind": "plain",
                "required": true
              },
              "id": {
                "type": "string",
                "description_kind": "plain",
                "optional": true,
                "computed": true
              },
              "next_hop": {
                "type": "string",
                "description_kind": "plain",
                "required": true
              },
              "region": {
                "type": "string",
                "description_kind": "plain",
                "optional": true,
                "computed": true
              },
              "router_id": {
                "type": "string",
                "description_kind": "plain",
                "required": true
              }
            },
            "description_kind": "plain",
            "deprecated": true
          }
        },
        "flexibleengine_networking_router_v2": {
          "version": 0,
          "block": {
            "attributes": {
              "admin_state_up": {
                "type": "bool",
                "description_kind": "plain",
                "optional": true,
                "computed": true
              },
              "distributed": {
                "type": "bool",
                "description_kind": "plain",
                "optional": true,
                "computed": true
              },
              "enable_snat": {
                "type": "bool",
                "description_kind": "plain",
                "optional": true,
                "computed": true
              },
              "external_gateway": {
                "type": "string",
                "description_kind": "plain",
                "optional": true
              },
              "id": {
                "type": "string",
                "description_kind": "plain",
                "optional": true,
                "computed": true
              },
              "name": {
                "type": "string",
                "description_kind": "plain",
                "optional": true
              },
              "region": {
                "type": "string",
                "description_kind": "plain",
                "optional": true,
                "computed": true
              },
              "tenant_id": {
                "type": "string",
                "description_kind": "plain",
                "optional": true,
                "computed": true
              },
              "value_specs": {
                "type": [
                  "map",
                  "string"
                ],
                "description_kind": "plain",
                "optional": true
              }
            },
            "block_types": {
              "timeouts": {
                "nesting_mode": "single",
                "block": {
                  "attributes": {
                    "create": {
                      "type": "string",
                      "description_kind": "plain",
                      "optional": true
                    },
                    "delete": {
                      "type": "string",
                      "description_kind": "plain",
                      "optional": true
                    }
                  },
                  "description_kind": "plain"
                }
              }
            },
            "description_kind": "plain"
          }
        },
        "flexibleengine_networking_secgroup_rule_v2": {
          "version": 0,
          "block": {
            "attributes": {
              "description": {
                "type": "string",
                "description_kind": "plain",
                "optional": true,
                "computed": true
              },
              "direction": {
                "type": "string",
                "description_kind": "plain",
                "required": true
              },
              "ethertype": {
                "type": "string",
                "description_kind": "plain",
                "required": true
              },
              "id": {
                "type": "string",
                "description_kind": "plain",
                "optional": true,
                "computed": true
              },
              "port_range_max": {
                "type": "number",
                "description_kind": "plain",
                "optional": true,
                "computed": true
              },
              "port_range_min": {
                "type": "number",
                "description_kind": "plain",
                "optional": true,
                "computed": true
              },
              "protocol": {
                "type": "string",
                "description_kind": "plain",
                "optional": true,
                "computed": true
              },
              "region": {
                "type": "string",
                "description_kind": "plain",
                "optional": true,
                "computed": true
              },
              "remote_group_id": {
                "type": "string",
                "description_kind": "plain",
                "optional": true,
                "computed": true
              },
              "remote_ip_prefix": {
                "type": "string",
                "description_kind": "plain",
                "optional": true,
                "computed": true
              },
              "security_group_id": {
                "type": "string",
                "description_kind": "plain",
                "required": true
              },
              "tenant_id": {
                "type": "string",
                "description_kind": "plain",
                "deprecated": true,
                "optional": true,
                "computed": true
              }
            },
            "block_types": {
              "timeouts": {
                "nesting_mode": "single",
                "block": {
                  "attributes": {
                    "delete": {
                      "type": "string",
                      "description_kind": "plain",
                      "optional": true
                    }
                  },
                  "description_kind": "plain"
                }
              }
            },
            "description_kind": "plain"
          }
        },
        "flexibleengine_networking_secgroup_v2": {
          "version": 0,
          "block": {
            "attributes": {
              "delete_default_rules": {
                "type": "bool",
                "description_kind": "plain",
                "optional": true
              },
              "description": {
                "type": "string",
                "description_kind": "plain",
                "optional": true,
                "computed": true
              },
              "id": {
                "type": "string",
                "description_kind": "plain",
                "optional": true,
                "computed": true
              },
              "name": {
                "type": "string",
                "description_kind": "plain",
                "required": true
              },
              "region": {
                "type": "string",
                "description_kind": "plain",
                "optional": true,
                "computed": true
              },
              "tenant_id": {
                "type": "string",
                "description_kind": "plain",
                "deprecated": true,
                "optional": true,
                "computed": true
              }
            },
            "block_types": {
              "timeouts": {
                "nesting_mode": "single",
                "block": {
                  "attributes": {
                    "delete": {
                      "type": "string",
                      "description_kind": "plain",
                      "optional": true
                    }
                  },
                  "description_kind": "plain"
                }
              }
            },
            "description_kind": "plain"
          }
        },
        "flexibleengine_networking_subnet_v2": {
          "version": 0,
          "block": {
            "attributes": {
              "cidr": {
                "type": "string",
                "description_kind": "plain",
                "required": true
              },
              "dns_nameservers": {
                "type": [
                  "set",
                  "string"
                ],
                "description_kind": "plain",
                "optional": true
              },
              "enable_dhcp": {
                "type": "bool",
                "description_kind": "plain",
                "optional": true
              },
              "gateway_ip": {
                "type": "string",
                "description_kind": "plain",
                "optional": true,
                "computed": true
              },
              "id": {
                "type": "string",
                "description_kind": "plain",
                "optional": true,
                "computed": true
              },
              "ip_version": {
                "type": "number",
                "description_kind": "plain",
                "optional": true
              },
              "name": {
                "type": "string",
                "description_kind": "plain",
                "optional": true
              },
              "network_id": {
                "type": "string",
                "description_kind": "plain",
                "required": true
              },
              "no_gateway": {
                "type": "bool",
                "description_kind": "plain",
                "optional": true
              },
              "region": {
                "type": "string",
                "description_kind": "plain",
                "optional": true,
                "computed": true
              },
              "tenant_id": {
                "type": "string",
                "description_kind": "plain",
                "optional": true,
                "computed": true
              },
              "value_specs": {
                "type": [
                  "map",
                  "string"
                ],
                "description_kind": "plain",
                "optional": true
              }
            },
            "block_types": {
              "allocation_pools": {
                "nesting_mode": "list",
                "block": {
                  "attributes": {
                    "end": {
                      "type": "string",
                      "description_kind": "plain",
                      "required": true
                    },
                    "start": {
                      "type": "string",
                      "description_kind": "plain",
                      "required": true
                    }
                  },
                  "description_kind": "plain"
                }
              },
              "host_routes": {
                "nesting_mode": "list",
                "block": {
                  "attributes": {
                    "destination_cidr": {
                      "type": "string",
                      "description_kind": "plain",
                      "required": true
                    },
                    "next_hop": {
                      "type": "string",
                      "description_kind": "plain",
                      "required": true
                    }
                  },
                  "description_kind": "plain"
                }
              },
              "timeouts": {
                "nesting_mode": "single",
                "block": {
                  "attributes": {
                    "create": {
                      "type": "string",
                      "description_kind": "plain",
                      "optional": true
                    },
                    "delete": {
                      "type": "string",
                      "description_kind": "plain",
                      "optional": true
                    }
                  },
                  "description_kind": "plain"
                }
              }
            },
            "description_kind": "plain"
          }
        },
        "flexibleengine_networking_vip_associate_v2": {
          "version": 0,
          "block": {
            "attributes": {
              "id": {
                "type": "string",
                "description_kind": "plain",
                "optional": true,
                "computed": true
              },
              "port_ids": {
                "type": [
                  "set",
                  "string"
                ],
                "description_kind": "plain",
                "required": true
              },
              "vip_id": {
                "type": "string",
                "description_kind": "plain",
                "required": true
              },
              "vip_ip_address": {
                "type": "string",
                "description_kind": "plain",
                "computed": true
              },
              "vip_subnet_id": {
                "type": "string",
                "description_kind": "plain",
                "computed": true
              }
            },
            "description_kind": "plain"
          }
        },
        "flexibleengine_networking_vip_v2": {
          "version": 0,
          "block": {
            "attributes": {
              "device_owner": {
                "type": "string",
                "description_kind": "plain",
                "computed": true
              },
              "id": {
                "type": "string",
                "description_kind": "plain",
                "optional": true,
                "computed": true
              },
              "ip_address": {
                "type": "string",
                "description_kind": "plain",
                "optional": true,
                "computed": true
              },
              "ip_version": {
                "type": "number",
                "description_kind": "plain",
                "optional": true,
                "computed": true
              },
              "mac_address": {
                "type": "string",
                "description_kind": "plain",
                "computed": true
              },
              "name": {
                "type": "string",
                "description_kind": "plain",
                "optional": true,
                "computed": true
              },
              "network_id": {
                "type": "string",
                "description_kind": "plain",
                "required": true
              },
              "region": {
                "type": "string",
                "description_kind": "plain",
                "optional": true,
                "computed": true
              },
              "status": {
                "type": "string",
                "description_kind": "plain",
                "computed": true
              },
              "subnet_id": {
                "type": "string",
                "description_kind": "plain",
                "deprecated": true,
                "optional": true,
                "computed": true
              }
            },
            "block_types": {
              "timeouts": {
                "nesting_mode": "single",
                "block": {
                  "attributes": {
                    "create": {
                      "type": "string",
                      "description_kind": "plain",
                      "optional": true
                    },
                    "delete": {
                      "type": "string",
                      "description_kind": "plain",
                      "optional": true
                    }
                  },
                  "description_kind": "plain"
                }
              }
            },
            "description_kind": "plain"
          }
        },
        "flexibleengine_obs_bucket": {
          "version": 0,
          "block": {
            "attributes": {
              "acl": {
                "type": "string",
                "description_kind": "plain",
                "optional": true
              },
              "bucket": {
                "type": "string",
                "description_kind": "plain",
                "required": true
              },
              "bucket_domain_name": {
                "type": "string",
                "description_kind": "plain",
                "computed": true
              },
              "encryption": {
                "type": "bool",
                "description_kind": "plain",
                "optional": true
              },
              "force_destroy": {
                "type": "bool",
                "description_kind": "plain",
                "optional": true
              },
              "id": {
                "type": "string",
                "description_kind": "plain",
                "optional": true,
                "computed": true
              },
              "kms_key_id": {
                "type": "string",
                "description_kind": "plain",
                "optional": true
              },
              "multi_az": {
                "type": "bool",
                "description_kind": "plain",
                "optional": true,
                "computed": true
              },
              "region": {
                "type": "string",
                "description_kind": "plain",
                "optional": true,
                "computed": true
              },
              "storage_class": {
                "type": "string",
                "description_kind": "plain",
                "optional": true
              },
              "versioning": {
                "type": "bool",
                "description_kind": "plain",
                "optional": true
              }
            },
            "block_types": {
              "cors_rule": {
                "nesting_mode": "list",
                "block": {
                  "attributes": {
                    "allowed_headers": {
                      "type": [
                        "list",
                        "string"
                      ],
                      "description_kind": "plain",
                      "optional": true
                    },
                    "allowed_methods": {
                      "type": [
                        "list",
                        "string"
                      ],
                      "description_kind": "plain",
                      "required": true
                    },
                    "allowed_origins": {
                      "type": [
                        "list",
                        "string"
                      ],
                      "description_kind": "plain",
                      "required": true
                    },
                    "expose_headers": {
                      "type": [
                        "list",
                        "string"
                      ],
                      "description_kind": "plain",
                      "optional": true
                    },
                    "max_age_seconds": {
                      "type": "number",
                      "description_kind": "plain",
                      "optional": true
                    }
                  },
                  "description_kind": "plain"
                }
              },
              "lifecycle_rule": {
                "nesting_mode": "list",
                "block": {
                  "attributes": {
                    "enabled": {
                      "type": "bool",
                      "description_kind": "plain",
                      "required": true
                    },
                    "name": {
                      "type": "string",
                      "description_kind": "plain",
                      "required": true
                    },
                    "prefix": {
                      "type": "string",
                      "description_kind": "plain",
                      "optional": true
                    }
                  },
                  "block_types": {
                    "expiration": {
                      "nesting_mode": "set",
                      "block": {
                        "attributes": {
                          "days": {
                            "type": "number",
                            "description_kind": "plain",
                            "required": true
                          }
                        },
                        "description_kind": "plain"
                      }
                    },
                    "noncurrent_version_expiration": {
                      "nesting_mode": "set",
                      "block": {
                        "attributes": {
                          "days": {
                            "type": "number",
                            "description_kind": "plain",
                            "required": true
                          }
                        },
                        "description_kind": "plain"
                      }
                    },
                    "noncurrent_version_transition": {
                      "nesting_mode": "list",
                      "block": {
                        "attributes": {
                          "days": {
                            "type": "number",
                            "description_kind": "plain",
                            "required": true
                          },
                          "storage_class": {
                            "type": "string",
                            "description_kind": "plain",
                            "required": true
                          }
                        },
                        "description_kind": "plain"
                      }
                    },
                    "transition": {
                      "nesting_mode": "list",
                      "block": {
                        "attributes": {
                          "days": {
                            "type": "number",
                            "description_kind": "plain",
                            "required": true
                          },
                          "storage_class": {
                            "type": "string",
                            "description_kind": "plain",
                            "required": true
                          }
                        },
                        "description_kind": "plain"
                      }
                    }
                  },
                  "description_kind": "plain"
                }
              },
              "logging": {
                "nesting_mode": "set",
                "block": {
                  "attributes": {
                    "target_bucket": {
                      "type": "string",
                      "description_kind": "plain",
                      "required": true
                    },
                    "target_prefix": {
                      "type": "string",
                      "description_kind": "plain",
                      "optional": true
                    }
                  },
                  "description_kind": "plain"
                }
              },
              "website": {
                "nesting_mode": "list",
                "block": {
                  "attributes": {
                    "error_document": {
                      "type": "string",
                      "description_kind": "plain",
                      "optional": true
                    },
                    "index_document": {
                      "type": "string",
                      "description_kind": "plain",
                      "optional": true
                    },
                    "redirect_all_requests_to": {
                      "type": "string",
                      "description_kind": "plain",
                      "optional": true
                    },
                    "routing_rules": {
                      "type": "string",
                      "description_kind": "plain",
                      "optional": true
                    }
                  },
                  "description_kind": "plain"
                },
                "max_items": 1
              }
            },
            "description_kind": "plain"
          }
        },
        "flexibleengine_obs_bucket_notifications": {
          "version": 0,
          "block": {
            "attributes": {
              "bucket": {
                "type": "string",
                "description_kind": "plain",
                "required": true
              },
              "id": {
                "type": "string",
                "description_kind": "plain",
                "optional": true,
                "computed": true
              }
            },
            "block_types": {
              "notifications": {
                "nesting_mode": "list",
                "block": {
                  "attributes": {
                    "events": {
                      "type": [
                        "list",
                        "string"
                      ],
                      "description_kind": "plain",
                      "required": true
                    },
                    "name": {
                      "type": "string",
                      "description_kind": "plain",
                      "optional": true,
                      "computed": true
                    },
                    "prefix": {
                      "type": "string",
                      "description_kind": "plain",
                      "optional": true,
                      "computed": true
                    },
                    "suffix": {
                      "type": "string",
                      "description_kind": "plain",
                      "optional": true,
                      "computed": true
                    },
                    "topic_urn": {
                      "type": "string",
                      "description_kind": "plain",
                      "required": true
                    }
                  },
                  "description_kind": "plain"
                }
              }
            },
            "description_kind": "plain"
          }
        },
        "flexibleengine_obs_bucket_object": {
          "version": 0,
          "block": {
            "attributes": {
              "acl": {
                "type": "string",
                "description_kind": "plain",
                "optional": true
              },
              "bucket": {
                "type": "string",
                "description_kind": "plain",
                "required": true
              },
              "content": {
                "type": "string",
                "description_kind": "plain",
                "optional": true
              },
              "content_type": {
                "type": "string",
                "description_kind": "plain",
                "optional": true
              },
              "encryption": {
                "type": "bool",
                "description_kind": "plain",
                "optional": true
              },
              "etag": {
                "type": "string",
                "description_kind": "plain",
                "optional": true,
                "computed": true
              },
              "id": {
                "type": "string",
                "description_kind": "plain",
                "optional": true,
                "computed": true
              },
              "key": {
                "type": "string",
                "description_kind": "plain",
                "required": true
              },
              "kms_key_id": {
                "type": "string",
                "description_kind": "plain",
                "optional": true
              },
              "size": {
                "type": "number",
                "description_kind": "plain",
                "computed": true
              },
              "source": {
                "type": "string",
                "description_kind": "plain",
                "optional": true
              },
              "storage_class": {
                "type": "string",
                "description_kind": "plain",
                "optional": true,
                "computed": true
              },
              "version_id": {
                "type": "string",
                "description_kind": "plain",
                "computed": true
              }
            },
            "description_kind": "plain"
          }
        },
        "flexibleengine_obs_bucket_replication": {
          "version": 0,
          "block": {
            "attributes": {
              "agency": {
                "type": "string",
                "description_kind": "plain",
                "required": true
              },
              "bucket": {
                "type": "string",
                "description_kind": "plain",
                "required": true
              },
              "destination_bucket": {
                "type": "string",
                "description_kind": "plain",
                "required": true
              },
              "id": {
                "type": "string",
                "description_kind": "plain",
                "optional": true,
                "computed": true
              }
            },
            "block_types": {
              "rule": {
                "nesting_mode": "list",
                "block": {
                  "attributes": {
                    "enabled": {
                      "type": "bool",
                      "description_kind": "plain",
                      "optional": true
                    },
                    "id": {
                      "type": "string",
                      "description_kind": "plain",
                      "computed": true
                    },
                    "prefix": {
                      "type": "string",
                      "description_kind": "plain",
                      "optional": true
                    },
                    "storage_class": {
                      "type": "string",
                      "description_kind": "plain",
                      "optional": true
                    }
                  },
                  "description_kind": "plain"
                }
              }
            },
            "description_kind": "plain"
          }
        },
        "flexibleengine_rds_account": {
          "version": 0,
          "block": {
            "attributes": {
              "id": {
                "type": "string",
                "description_kind": "plain",
                "optional": true,
                "computed": true
              },
              "instance_id": {
                "type": "string",
                "description_kind": "plain",
                "required": true
              },
              "name": {
                "type": "string",
                "description_kind": "plain",
                "required": true
              },
              "password": {
                "type": "string",
                "description_kind": "plain",
                "required": true,
                "sensitive": true
              },
              "region": {
                "type": "string",
                "description_kind": "plain",
                "optional": true,
                "computed": true
              }
            },
            "description_kind": "plain"
          }
        },
        "flexibleengine_rds_database": {
          "version": 0,
          "block": {
            "attributes": {
              "character_set": {
                "type": "string",
                "description_kind": "plain",
                "required": true
              },
              "description": {
                "type": "string",
                "description_kind": "plain",
                "optional": true
              },
              "id": {
                "type": "string",
                "description_kind": "plain",
                "optional": true,
                "computed": true
              },
              "instance_id": {
                "type": "string",
                "description_kind": "plain",
                "required": true
              },
              "name": {
                "type": "string",
                "description_kind": "plain",
                "required": true
              },
              "region": {
                "type": "string",
                "description_kind": "plain",
                "optional": true,
                "computed": true
              }
            },
            "description_kind": "plain"
          }
        },
        "flexibleengine_rds_database_privilege": {
          "version": 0,
          "block": {
            "attributes": {
              "db_name": {
                "type": "string",
                "description_kind": "plain",
                "required": true
              },
              "id": {
                "type": "string",
                "description_kind": "plain",
                "optional": true,
                "computed": true
              },
              "instance_id": {
                "type": "string",
                "description_kind": "plain",
                "required": true
              },
              "region": {
                "type": "string",
                "description_kind": "plain",
                "optional": true,
                "computed": true
              }
            },
            "block_types": {
              "users": {
                "nesting_mode": "list",
                "block": {
                  "attributes": {
                    "name": {
                      "type": "string",
                      "description_kind": "plain",
                      "required": true
                    },
                    "readonly": {
                      "type": "bool",
                      "description_kind": "plain",
                      "optional": true
                    }
                  },
                  "description_kind": "plain"
                },
                "min_items": 1,
                "max_items": 50
              }
            },
            "description_kind": "plain"
          }
        },
        "flexibleengine_rds_instance_v1": {
          "version": 0,
          "block": {
            "attributes": {
              "availabilityzone": {
                "type": "string",
                "description_kind": "plain",
                "required": true
              },
              "created": {
                "type": "string",
                "description_kind": "plain",
                "optional": true,
                "computed": true
              },
              "dbport": {
                "type": "string",
                "description_kind": "plain",
                "optional": true
              },
              "dbrtpd": {
                "type": "string",
                "description_kind": "plain",
                "required": true
              },
              "flavorref": {
                "type": "string",
                "description_kind": "plain",
                "required": true
              },
              "hostname": {
                "type": "string",
                "description_kind": "plain",
                "optional": true,
                "computed": true
              },
              "id": {
                "type": "string",
                "description_kind": "plain",
                "optional": true,
                "computed": true
              },
              "name": {
                "type": "string",
                "description_kind": "plain",
                "optional": true,
                "computed": true
              },
              "region": {
                "type": "string",
                "description_kind": "plain",
                "optional": true,
                "computed": true
              },
              "status": {
                "type": "string",
                "description_kind": "plain",
                "optional": true,
                "computed": true
              },
              "type": {
                "type": "string",
                "description_kind": "plain",
                "optional": true,
                "computed": true
              },
              "updated": {
                "type": "string",
                "description_kind": "plain",
                "optional": true,
                "computed": true
              },
              "vpc": {
                "type": "string",
                "description_kind": "plain",
                "required": true
              }
            },
            "block_types": {
              "backupstrategy": {
                "nesting_mode": "list",
                "block": {
                  "attributes": {
                    "keepdays": {
                      "type": "number",
                      "description_kind": "plain",
                      "optional": true
                    },
                    "starttime": {
                      "type": "string",
                      "description_kind": "plain",
                      "optional": true
                    }
                  },
                  "description_kind": "plain"
                },
                "max_items": 1
              },
              "datastore": {
                "nesting_mode": "list",
                "block": {
                  "attributes": {
                    "type": {
                      "type": "string",
                      "description_kind": "plain",
                      "required": true
                    },
                    "version": {
                      "type": "string",
                      "description_kind": "plain",
                      "required": true
                    }
                  },
                  "description_kind": "plain"
                },
                "min_items": 1,
                "max_items": 1
              },
              "ha": {
                "nesting_mode": "list",
                "block": {
                  "attributes": {
                    "enable": {
                      "type": "bool",
                      "description_kind": "plain",
                      "optional": true
                    },
                    "replicationmode": {
                      "type": "string",
                      "description_kind": "plain",
                      "optional": true
                    }
                  },
                  "description_kind": "plain"
                },
                "max_items": 1
              },
              "nics": {
                "nesting_mode": "list",
                "block": {
                  "attributes": {
                    "subnetid": {
                      "type": "string",
                      "description_kind": "plain",
                      "required": true
                    }
                  },
                  "description_kind": "plain"
                },
                "min_items": 1,
                "max_items": 1
              },
              "securitygroup": {
                "nesting_mode": "list",
                "block": {
                  "attributes": {
                    "id": {
                      "type": "string",
                      "description_kind": "plain",
                      "required": true
                    }
                  },
                  "description_kind": "plain"
                },
                "min_items": 1,
                "max_items": 1
              },
              "timeouts": {
                "nesting_mode": "single",
                "block": {
                  "attributes": {
                    "create": {
                      "type": "string",
                      "description_kind": "plain",
                      "optional": true
                    },
                    "delete": {
                      "type": "string",
                      "description_kind": "plain",
                      "optional": true
                    }
                  },
                  "description_kind": "plain"
                }
              },
              "volume": {
                "nesting_mode": "list",
                "block": {
                  "attributes": {
                    "size": {
                      "type": "number",
                      "description_kind": "plain",
                      "required": true
                    },
                    "type": {
                      "type": "string",
                      "description_kind": "plain",
                      "required": true
                    }
                  },
                  "description_kind": "plain"
                },
                "min_items": 1,
                "max_items": 1
              }
            },
            "description_kind": "plain",
            "deprecated": true
          }
        },
        "flexibleengine_rds_instance_v3": {
          "version": 0,
          "block": {
            "attributes": {
              "auto_pay": {
                "type": "string",
                "description_kind": "plain",
                "optional": true
              },
              "auto_renew": {
                "type": "string",
                "description_kind": "plain",
                "optional": true
              },
              "availability_zone": {
                "type": [
                  "list",
                  "string"
                ],
                "description_kind": "plain",
                "required": true
              },
              "charging_mode": {
                "type": "string",
                "description_kind": "plain",
                "optional": true,
                "computed": true
              },
              "collation": {
                "type": "string",
                "description_kind": "plain",
                "optional": true
              },
              "created": {
                "type": "string",
                "description_kind": "plain",
                "computed": true
              },
              "enterprise_project_id": {
                "type": "string",
                "description_kind": "plain",
                "optional": true,
                "computed": true
              },
              "fixed_ip": {
                "type": "string",
                "description_kind": "plain",
                "optional": true,
                "computed": true
              },
              "flavor": {
                "type": "string",
                "description_kind": "plain",
                "required": true
              },
              "ha_replication_mode": {
                "type": "string",
                "description_kind": "plain",
                "optional": true,
                "computed": true
              },
              "id": {
                "type": "string",
                "description_kind": "plain",
                "optional": true,
                "computed": true
              },
              "name": {
                "type": "string",
                "description_kind": "plain",
                "required": true
              },
              "nodes": {
                "type": [
                  "list",
                  [
                    "object",
                    {
                      "availability_zone": "string",
                      "id": "string",
                      "name": "string",
                      "role": "string",
                      "status": "string"
                    }
                  ]
                ],
                "description_kind": "plain",
                "computed": true
              },
              "param_group_id": {
                "type": "string",
                "description_kind": "plain",
                "optional": true
              },
              "period": {
                "type": "number",
                "description_kind": "plain",
                "optional": true
              },
              "period_unit": {
                "type": "string",
                "description_kind": "plain",
                "optional": true
              },
              "private_ips": {
                "type": [
                  "list",
                  "string"
                ],
                "description_kind": "plain",
                "computed": true
              },
              "public_ips": {
                "type": [
                  "list",
                  "string"
                ],
                "description_kind": "plain",
                "computed": true
              },
              "region": {
                "type": "string",
                "description_kind": "plain",
                "optional": true,
                "computed": true
              },
              "security_group_id": {
                "type": "string",
                "description_kind": "plain",
                "required": true
              },
              "ssl_enable": {
                "type": "bool",
                "description_kind": "plain",
                "optional": true
              },
              "status": {
                "type": "string",
                "description_kind": "plain",
                "computed": true
              },
              "subnet_id": {
                "type": "string",
                "description_kind": "plain",
                "required": true
              },
              "tags": {
                "type": [
                  "map",
                  "string"
                ],
                "description_kind": "plain",
                "optional": true
              },
              "time_zone": {
                "type": "string",
                "description_kind": "plain",
                "optional": true,
                "computed": true
              },
              "vpc_id": {
                "type": "string",
                "description_kind": "plain",
                "required": true
              }
            },
            "block_types": {
              "backup_strategy": {
                "nesting_mode": "list",
                "block": {
                  "attributes": {
                    "keep_days": {
                      "type": "number",
                      "description_kind": "plain",
                      "optional": true,
                      "computed": true
                    },
                    "start_time": {
                      "type": "string",
                      "description_kind": "plain",
                      "required": true
                    }
                  },
                  "description_kind": "plain"
                },
                "max_items": 1
              },
              "db": {
                "nesting_mode": "list",
                "block": {
                  "attributes": {
                    "password": {
                      "type": "string",
                      "description_kind": "plain",
                      "required": true,
                      "sensitive": true
                    },
                    "port": {
                      "type": "number",
                      "description_kind": "plain",
                      "optional": true,
                      "computed": true
                    },
                    "type": {
                      "type": "string",
                      "description_kind": "plain",
                      "required": true
                    },
                    "user_name": {
                      "type": "string",
                      "description_kind": "plain",
                      "computed": true
                    },
                    "version": {
                      "type": "string",
                      "description_kind": "plain",
                      "required": true
                    }
                  },
                  "description_kind": "plain"
                },
                "min_items": 1,
                "max_items": 1
              },
              "timeouts": {
                "nesting_mode": "single",
                "block": {
                  "attributes": {
                    "create": {
                      "type": "string",
                      "description_kind": "plain",
                      "optional": true
                    },
                    "default": {
                      "type": "string",
                      "description_kind": "plain",
                      "optional": true
                    },
                    "delete": {
                      "type": "string",
                      "description_kind": "plain",
                      "optional": true
                    },
                    "update": {
                      "type": "string",
                      "description_kind": "plain",
                      "optional": true
                    }
                  },
                  "description_kind": "plain"
                }
              },
              "volume": {
                "nesting_mode": "list",
                "block": {
                  "attributes": {
                    "disk_encryption_id": {
                      "type": "string",
                      "description_kind": "plain",
                      "optional": true,
                      "computed": true
                    },
                    "size": {
                      "type": "number",
                      "description_kind": "plain",
                      "required": true
                    },
                    "type": {
                      "type": "string",
                      "description_kind": "plain",
                      "required": true
                    }
                  },
                  "description_kind": "plain"
                },
                "min_items": 1,
                "max_items": 1
              }
            },
            "description_kind": "plain"
          }
        },
        "flexibleengine_rds_parametergroup_v3": {
          "version": 0,
          "block": {
            "attributes": {
              "configuration_parameters": {
                "type": [
                  "list",
                  [
                    "object",
                    {
                      "description": "string",
                      "name": "string",
                      "readonly": "bool",
                      "restart_required": "bool",
                      "type": "string",
                      "value": "string",
                      "value_range": "string"
                    }
                  ]
                ],
                "description_kind": "plain",
                "computed": true
              },
              "description": {
                "type": "string",
                "description_kind": "plain",
                "optional": true
              },
              "id": {
                "type": "string",
                "description_kind": "plain",
                "optional": true,
                "computed": true
              },
              "name": {
                "type": "string",
                "description_kind": "plain",
                "required": true
              },
              "values": {
                "type": [
                  "map",
                  "string"
                ],
                "description_kind": "plain",
                "optional": true
              }
            },
            "block_types": {
              "datastore": {
                "nesting_mode": "list",
                "block": {
                  "attributes": {
                    "type": {
                      "type": "string",
                      "description_kind": "plain",
                      "required": true
                    },
                    "version": {
                      "type": "string",
                      "description_kind": "plain",
                      "required": true
                    }
                  },
                  "description_kind": "plain"
                },
                "min_items": 1,
                "max_items": 1
              },
              "timeouts": {
                "nesting_mode": "single",
                "block": {
                  "attributes": {
                    "create": {
                      "type": "string",
                      "description_kind": "plain",
                      "optional": true
                    },
                    "delete": {
                      "type": "string",
                      "description_kind": "plain",
                      "optional": true
                    }
                  },
                  "description_kind": "plain"
                }
              }
            },
            "description_kind": "plain"
          }
        },
        "flexibleengine_rds_read_replica_v3": {
          "version": 0,
          "block": {
            "attributes": {
              "availability_zone": {
                "type": "string",
                "description_kind": "plain",
                "required": true
              },
              "db": {
                "type": [
                  "list",
                  [
                    "object",
                    {
                      "port": "number",
                      "type": "string",
                      "user_name": "string",
                      "version": "string"
                    }
                  ]
                ],
                "description_kind": "plain",
                "computed": true
              },
              "flavor": {
                "type": "string",
                "description_kind": "plain",
                "required": true
              },
              "id": {
                "type": "string",
                "description_kind": "plain",
                "optional": true,
                "computed": true
              },
              "name": {
                "type": "string",
                "description_kind": "plain",
                "required": true
              },
              "private_ips": {
                "type": [
                  "list",
                  "string"
                ],
                "description_kind": "plain",
                "computed": true
              },
              "public_ips": {
                "type": [
                  "list",
                  "string"
                ],
                "description_kind": "plain",
                "computed": true
              },
              "region": {
                "type": "string",
                "description_kind": "plain",
                "optional": true,
                "computed": true
              },
              "replica_of_id": {
                "type": "string",
                "description_kind": "plain",
                "required": true
              },
              "security_group_id": {
                "type": "string",
                "description_kind": "plain",
                "computed": true
              },
              "status": {
                "type": "string",
                "description_kind": "plain",
                "computed": true
              },
              "subnet_id": {
                "type": "string",
                "description_kind": "plain",
                "computed": true
              },
              "tags": {
                "type": [
                  "map",
                  "string"
                ],
                "description_kind": "plain",
                "optional": true
              },
              "type": {
                "type": "string",
                "description_kind": "plain",
                "computed": true
              },
              "vpc_id": {
                "type": "string",
                "description_kind": "plain",
                "computed": true
              }
            },
            "block_types": {
              "timeouts": {
                "nesting_mode": "single",
                "block": {
                  "attributes": {
                    "create": {
                      "type": "string",
                      "description_kind": "plain",
                      "optional": true
                    },
                    "delete": {
                      "type": "string",
                      "description_kind": "plain",
                      "optional": true
                    }
                  },
                  "description_kind": "plain"
                }
              },
              "volume": {
                "nesting_mode": "list",
                "block": {
                  "attributes": {
                    "disk_encryption_id": {
                      "type": "string",
                      "description_kind": "plain",
                      "optional": true
                    },
                    "size": {
                      "type": "number",
                      "description_kind": "plain",
                      "optional": true,
                      "computed": true
                    },
                    "type": {
                      "type": "string",
                      "description_kind": "plain",
                      "required": true
                    }
                  },
                  "description_kind": "plain"
                },
                "min_items": 1,
                "max_items": 1
              }
            },
            "description_kind": "plain"
          }
        },
        "flexibleengine_rts_software_config_v1": {
          "version": 0,
          "block": {
            "attributes": {
              "config": {
                "type": "string",
                "description_kind": "plain",
                "optional": true
              },
              "group": {
                "type": "string",
                "description_kind": "plain",
                "optional": true
              },
              "id": {
                "type": "string",
                "description_kind": "plain",
                "optional": true,
                "computed": true
              },
              "input_values": {
                "type": [
                  "list",
                  [
                    "map",
                    "string"
                  ]
                ],
                "description_kind": "plain",
                "optional": true
              },
              "name": {
                "type": "string",
                "description_kind": "plain",
                "required": true
              },
              "options": {
                "type": [
                  "map",
                  "string"
                ],
                "description_kind": "plain",
                "optional": true
              },
              "output_values": {
                "type": [
                  "list",
                  [
                    "map",
                    "string"
                  ]
                ],
                "description_kind": "plain",
                "optional": true
              },
              "region": {
                "type": "string",
                "description_kind": "plain",
                "optional": true,
                "computed": true
              }
            },
            "block_types": {
              "timeouts": {
                "nesting_mode": "single",
                "block": {
                  "attributes": {
                    "create": {
                      "type": "string",
                      "description_kind": "plain",
                      "optional": true
                    },
                    "delete": {
                      "type": "string",
                      "description_kind": "plain",
                      "optional": true
                    }
                  },
                  "description_kind": "plain"
                }
              }
            },
            "description_kind": "plain"
          }
        },
        "flexibleengine_rts_stack_v1": {
          "version": 0,
          "block": {
            "attributes": {
              "capabilities": {
                "type": [
                  "set",
                  "string"
                ],
                "description_kind": "plain",
                "computed": true
              },
              "disable_rollback": {
                "type": "bool",
                "description_kind": "plain",
                "optional": true,
                "computed": true
              },
              "environment": {
                "type": "string",
                "description_kind": "plain",
                "optional": true
              },
              "files": {
                "type": [
                  "map",
                  "string"
                ],
                "description_kind": "plain",
                "optional": true
              },
              "id": {
                "type": "string",
                "description_kind": "plain",
                "optional": true,
                "computed": true
              },
              "name": {
                "type": "string",
                "description_kind": "plain",
                "required": true
              },
              "notification_topics": {
                "type": [
                  "set",
                  "string"
                ],
                "description_kind": "plain",
                "computed": true
              },
              "outputs": {
                "type": [
                  "map",
                  "string"
                ],
                "description_kind": "plain",
                "computed": true
              },
              "parameters": {
                "type": [
                  "map",
                  "string"
                ],
                "description_kind": "plain",
                "optional": true,
                "computed": true
              },
              "region": {
                "type": "string",
                "description_kind": "plain",
                "optional": true,
                "computed": true
              },
              "status": {
                "type": "string",
                "description_kind": "plain",
                "computed": true
              },
              "status_reason": {
                "type": "string",
                "description_kind": "plain",
                "computed": true
              },
              "template_body": {
                "type": "string",
                "description_kind": "plain",
                "optional": true,
                "computed": true
              },
              "template_url": {
                "type": "string",
                "description_kind": "plain",
                "optional": true
              },
              "timeout_mins": {
                "type": "number",
                "description_kind": "plain",
                "optional": true,
                "computed": true
              }
            },
            "block_types": {
              "timeouts": {
                "nesting_mode": "single",
                "block": {
                  "attributes": {
                    "create": {
                      "type": "string",
                      "description_kind": "plain",
                      "optional": true
                    },
                    "delete": {
                      "type": "string",
                      "description_kind": "plain",
                      "optional": true
                    },
                    "update": {
                      "type": "string",
                      "description_kind": "plain",
                      "optional": true
                    }
                  },
                  "description_kind": "plain"
                }
              }
            },
            "description_kind": "plain"
          }
        },
        "flexibleengine_s3_bucket": {
          "version": 0,
          "block": {
            "attributes": {
              "acl": {
                "type": "string",
                "description_kind": "plain",
                "optional": true
              },
              "arn": {
                "type": "string",
                "description_kind": "plain",
                "optional": true,
                "computed": true
              },
              "bucket": {
                "type": "string",
                "description_kind": "plain",
                "optional": true,
                "computed": true
              },
              "bucket_domain_name": {
                "type": "string",
                "description_kind": "plain",
                "computed": true
              },
              "bucket_prefix": {
                "type": "string",
                "description_kind": "plain",
                "optional": true
              },
              "force_destroy": {
                "type": "bool",
                "description_kind": "plain",
                "optional": true
              },
              "hosted_zone_id": {
                "type": "string",
                "description_kind": "plain",
                "optional": true,
                "computed": true
              },
              "id": {
                "type": "string",
                "description_kind": "plain",
                "optional": true,
                "computed": true
              },
              "policy": {
                "type": "string",
                "description_kind": "plain",
                "optional": true
              },
              "region": {
                "type": "string",
                "description_kind": "plain",
                "optional": true,
                "computed": true
              },
              "website_domain": {
                "type": "string",
                "description_kind": "plain",
                "optional": true,
                "computed": true
              },
              "website_endpoint": {
                "type": "string",
                "description_kind": "plain",
                "optional": true,
                "computed": true
              }
            },
            "block_types": {
              "cors_rule": {
                "nesting_mode": "list",
                "block": {
                  "attributes": {
                    "allowed_headers": {
                      "type": [
                        "list",
                        "string"
                      ],
                      "description_kind": "plain",
                      "optional": true
                    },
                    "allowed_methods": {
                      "type": [
                        "list",
                        "string"
                      ],
                      "description_kind": "plain",
                      "required": true
                    },
                    "allowed_origins": {
                      "type": [
                        "list",
                        "string"
                      ],
                      "description_kind": "plain",
                      "required": true
                    },
                    "expose_headers": {
                      "type": [
                        "list",
                        "string"
                      ],
                      "description_kind": "plain",
                      "optional": true
                    },
                    "max_age_seconds": {
                      "type": "number",
                      "description_kind": "plain",
                      "optional": true
                    }
                  },
                  "description_kind": "plain"
                }
              },
              "lifecycle_rule": {
                "nesting_mode": "list",
                "block": {
                  "attributes": {
                    "abort_incomplete_multipart_upload_days": {
                      "type": "number",
                      "description_kind": "plain",
                      "optional": true
                    },
                    "enabled": {
                      "type": "bool",
                      "description_kind": "plain",
                      "required": true
                    },
                    "id": {
                      "type": "string",
                      "description_kind": "plain",
                      "optional": true,
                      "computed": true
                    },
                    "prefix": {
                      "type": "string",
                      "description_kind": "plain",
                      "optional": true
                    }
                  },
                  "block_types": {
                    "expiration": {
                      "nesting_mode": "set",
                      "block": {
                        "attributes": {
                          "date": {
                            "type": "string",
                            "description_kind": "plain",
                            "optional": true
                          },
                          "days": {
                            "type": "number",
                            "description_kind": "plain",
                            "optional": true
                          },
                          "expired_object_delete_marker": {
                            "type": "bool",
                            "description_kind": "plain",
                            "optional": true
                          }
                        },
                        "description_kind": "plain"
                      }
                    },
                    "noncurrent_version_expiration": {
                      "nesting_mode": "set",
                      "block": {
                        "attributes": {
                          "days": {
                            "type": "number",
                            "description_kind": "plain",
                            "optional": true
                          }
                        },
                        "description_kind": "plain"
                      }
                    }
                  },
                  "description_kind": "plain"
                }
              },
              "logging": {
                "nesting_mode": "set",
                "block": {
                  "attributes": {
                    "target_bucket": {
                      "type": "string",
                      "description_kind": "plain",
                      "required": true
                    },
                    "target_prefix": {
                      "type": "string",
                      "description_kind": "plain",
                      "optional": true
                    }
                  },
                  "description_kind": "plain"
                }
              },
              "versioning": {
                "nesting_mode": "list",
                "block": {
                  "attributes": {
                    "enabled": {
                      "type": "bool",
                      "description_kind": "plain",
                      "optional": true
                    },
                    "mfa_delete": {
                      "type": "bool",
                      "description_kind": "plain",
                      "optional": true
                    }
                  },
                  "description_kind": "plain"
                },
                "max_items": 1
              },
              "website": {
                "nesting_mode": "list",
                "block": {
                  "attributes": {
                    "error_document": {
                      "type": "string",
                      "description_kind": "plain",
                      "optional": true
                    },
                    "index_document": {
                      "type": "string",
                      "description_kind": "plain",
                      "optional": true
                    },
                    "redirect_all_requests_to": {
                      "type": "string",
                      "description_kind": "plain",
                      "optional": true
                    },
                    "routing_rules": {
                      "type": "string",
                      "description_kind": "plain",
                      "optional": true
                    }
                  },
                  "description_kind": "plain"
                },
                "max_items": 1
              }
            },
            "description_kind": "plain"
          }
        },
        "flexibleengine_s3_bucket_object": {
          "version": 0,
          "block": {
            "attributes": {
              "acl": {
                "type": "string",
                "description_kind": "plain",
                "optional": true
              },
              "bucket": {
                "type": "string",
                "description_kind": "plain",
                "required": true
              },
              "cache_control": {
                "type": "string",
                "description_kind": "plain",
                "optional": true
              },
              "content": {
                "type": "string",
                "description_kind": "plain",
                "optional": true
              },
              "content_disposition": {
                "type": "string",
                "description_kind": "plain",
                "optional": true
              },
              "content_encoding": {
                "type": "string",
                "description_kind": "plain",
                "optional": true
              },
              "content_language": {
                "type": "string",
                "description_kind": "plain",
                "optional": true
              },
              "content_type": {
                "type": "string",
                "description_kind": "plain",
                "optional": true,
                "computed": true
              },
              "etag": {
                "type": "string",
                "description_kind": "plain",
                "optional": true,
                "computed": true
              },
              "id": {
                "type": "string",
                "description_kind": "plain",
                "optional": true,
                "computed": true
              },
              "key": {
                "type": "string",
                "description_kind": "plain",
                "required": true
              },
              "server_side_encryption": {
                "type": "string",
                "description_kind": "plain",
                "optional": true,
                "computed": true
              },
              "source": {
                "type": "string",
                "description_kind": "plain",
                "optional": true
              },
              "version_id": {
                "type": "string",
                "description_kind": "plain",
                "computed": true
              },
              "website_redirect": {
                "type": "string",
                "description_kind": "plain",
                "optional": true
              }
            },
            "description_kind": "plain"
          }
        },
        "flexibleengine_s3_bucket_policy": {
          "version": 0,
          "block": {
            "attributes": {
              "bucket": {
                "type": "string",
                "description_kind": "plain",
                "required": true
              },
              "id": {
                "type": "string",
                "description_kind": "plain",
                "optional": true,
                "computed": true
              },
              "policy": {
                "type": "string",
                "description_kind": "plain",
                "required": true
              }
            },
            "description_kind": "plain"
          }
        },
        "flexibleengine_sdrs_drill_v1": {
          "version": 0,
          "block": {
            "attributes": {
              "drill_vpc_id": {
                "type": "string",
                "description_kind": "plain",
                "required": true
              },
              "group_id": {
                "type": "string",
                "description_kind": "plain",
                "required": true
              },
              "id": {
                "type": "string",
                "description_kind": "plain",
                "optional": true,
                "computed": true
              },
              "name": {
                "type": "string",
                "description_kind": "plain",
                "required": true
              },
              "status": {
                "type": "string",
                "description_kind": "plain",
                "optional": true,
                "computed": true
              }
            },
            "block_types": {
              "timeouts": {
                "nesting_mode": "single",
                "block": {
                  "attributes": {
                    "create": {
                      "type": "string",
                      "description_kind": "plain",
                      "optional": true
                    },
                    "delete": {
                      "type": "string",
                      "description_kind": "plain",
                      "optional": true
                    }
                  },
                  "description_kind": "plain"
                }
              }
            },
            "description_kind": "plain"
          }
        },
        "flexibleengine_sdrs_protectedinstance_v1": {
          "version": 0,
          "block": {
            "attributes": {
              "cluster_id": {
                "type": "string",
                "description_kind": "plain",
                "optional": true
              },
              "delete_target_eip": {
                "type": "bool",
                "description_kind": "plain",
                "optional": true
              },
              "delete_target_server": {
                "type": "bool",
                "description_kind": "plain",
                "optional": true
              },
              "description": {
                "type": "string",
                "description_kind": "plain",
                "optional": true
              },
              "group_id": {
                "type": "string",
                "description_kind": "plain",
                "required": true
              },
              "id": {
                "type": "string",
                "description_kind": "plain",
                "optional": true,
                "computed": true
              },
              "name": {
                "type": "string",
                "description_kind": "plain",
                "required": true
              },
              "primary_ip_address": {
                "type": "string",
                "description_kind": "plain",
                "optional": true
              },
              "primary_subnet_id": {
                "type": "string",
                "description_kind": "plain",
                "optional": true
              },
              "server_id": {
                "type": "string",
                "description_kind": "plain",
                "required": true
              },
              "target_server": {
                "type": "string",
                "description_kind": "plain",
                "computed": true
              }
            },
            "block_types": {
              "timeouts": {
                "nesting_mode": "single",
                "block": {
                  "attributes": {
                    "create": {
                      "type": "string",
                      "description_kind": "plain",
                      "optional": true
                    },
                    "delete": {
                      "type": "string",
                      "description_kind": "plain",
                      "optional": true
                    }
                  },
                  "description_kind": "plain"
                }
              }
            },
            "description_kind": "plain"
          }
        },
        "flexibleengine_sdrs_protectiongroup_v1": {
          "version": 0,
          "block": {
            "attributes": {
              "description": {
                "type": "string",
                "description_kind": "plain",
                "optional": true
              },
              "domain_id": {
                "type": "string",
                "description_kind": "plain",
                "required": true
              },
              "dr_type": {
                "type": "string",
                "description_kind": "plain",
                "optional": true
              },
              "enable": {
                "type": "bool",
                "description_kind": "plain",
                "optional": true
              },
              "id": {
                "type": "string",
                "description_kind": "plain",
                "optional": true,
                "computed": true
              },
              "name": {
                "type": "string",
                "description_kind": "plain",
                "required": true
              },
              "source_availability_zone": {
                "type": "string",
                "description_kind": "plain",
                "required": true
              },
              "source_vpc_id": {
                "type": "string",
                "description_kind": "plain",
                "required": true
              },
              "target_availability_zone": {
                "type": "string",
                "description_kind": "plain",
                "required": true
              }
            },
            "block_types": {
              "timeouts": {
                "nesting_mode": "single",
                "block": {
                  "attributes": {
                    "create": {
                      "type": "string",
                      "description_kind": "plain",
                      "optional": true
                    },
                    "delete": {
                      "type": "string",
                      "description_kind": "plain",
                      "optional": true
                    }
                  },
                  "description_kind": "plain"
                }
              }
            },
            "description_kind": "plain"
          }
        },
        "flexibleengine_sdrs_replication_attach_v1": {
          "version": 0,
          "block": {
            "attributes": {
              "device": {
                "type": "string",
                "description_kind": "plain",
                "required": true
              },
              "id": {
                "type": "string",
                "description_kind": "plain",
                "optional": true,
                "computed": true
              },
              "instance_id": {
                "type": "string",
                "description_kind": "plain",
                "required": true
              },
              "replication_id": {
                "type": "string",
                "description_kind": "plain",
                "required": true
              },
              "status": {
                "type": "string",
                "description_kind": "plain",
                "computed": true
              }
            },
            "block_types": {
              "timeouts": {
                "nesting_mode": "single",
                "block": {
                  "attributes": {
                    "create": {
                      "type": "string",
                      "description_kind": "plain",
                      "optional": true
                    },
                    "delete": {
                      "type": "string",
                      "description_kind": "plain",
                      "optional": true
                    }
                  },
                  "description_kind": "plain"
                }
              }
            },
            "description_kind": "plain"
          }
        },
        "flexibleengine_sdrs_replication_pair_v1": {
          "version": 0,
          "block": {
            "attributes": {
              "delete_target_volume": {
                "type": "bool",
                "description_kind": "plain",
                "optional": true
              },
              "description": {
                "type": "string",
                "description_kind": "plain",
                "optional": true
              },
              "fault_level": {
                "type": "string",
                "description_kind": "plain",
                "optional": true,
                "computed": true
              },
              "group_id": {
                "type": "string",
                "description_kind": "plain",
                "required": true
              },
              "id": {
                "type": "string",
                "description_kind": "plain",
                "optional": true,
                "computed": true
              },
              "name": {
                "type": "string",
                "description_kind": "plain",
                "required": true
              },
              "replication_model": {
                "type": "string",
                "description_kind": "plain",
                "optional": true,
                "computed": true
              },
              "status": {
                "type": "string",
                "description_kind": "plain",
                "optional": true,
                "computed": true
              },
              "target_volume_id": {
                "type": "string",
                "description_kind": "plain",
                "optional": true,
                "computed": true
              },
              "volume_id": {
                "type": "string",
                "description_kind": "plain",
                "required": true
              }
            },
            "block_types": {
              "timeouts": {
                "nesting_mode": "single",
                "block": {
                  "attributes": {
                    "create": {
                      "type": "string",
                      "description_kind": "plain",
                      "optional": true
                    },
                    "delete": {
                      "type": "string",
                      "description_kind": "plain",
                      "optional": true
                    }
                  },
                  "description_kind": "plain"
                }
              }
            },
            "description_kind": "plain"
          }
        },
        "flexibleengine_sfs_access_rule_v2": {
          "version": 0,
          "block": {
            "attributes": {
              "access_level": {
                "type": "string",
                "description_kind": "plain",
                "optional": true
              },
              "access_to": {
                "type": "string",
                "description_kind": "plain",
                "required": true
              },
              "access_type": {
                "type": "string",
                "description_kind": "plain",
                "optional": true
              },
              "id": {
                "type": "string",
                "description_kind": "plain",
                "optional": true,
                "computed": true
              },
              "sfs_id": {
                "type": "string",
                "description_kind": "plain",
                "required": true
              },
              "status": {
                "type": "string",
                "description_kind": "plain",
                "computed": true
              }
            },
            "block_types": {
              "timeouts": {
                "nesting_mode": "single",
                "block": {
                  "attributes": {
                    "create": {
                      "type": "string",
                      "description_kind": "plain",
                      "optional": true
                    },
                    "delete": {
                      "type": "string",
                      "description_kind": "plain",
                      "optional": true
                    }
                  },
                  "description_kind": "plain"
                }
              }
            },
            "description_kind": "plain"
          }
        },
        "flexibleengine_sfs_file_system_v2": {
          "version": 0,
          "block": {
            "attributes": {
              "access_level": {
                "type": "string",
                "description_kind": "plain",
                "optional": true,
                "computed": true
              },
              "access_rule_status": {
                "type": "string",
                "description_kind": "plain",
                "computed": true
              },
              "access_rules": {
                "type": [
                  "list",
                  [
                    "object",
                    {
                      "access_level": "string",
                      "access_rule_id": "string",
                      "access_to": "string",
                      "access_type": "string",
                      "status": "string"
                    }
                  ]
                ],
                "description_kind": "plain",
                "computed": true
              },
              "access_to": {
                "type": "string",
                "description_kind": "plain",
                "optional": true
              },
              "access_type": {
                "type": "string",
                "description_kind": "plain",
                "optional": true,
                "computed": true
              },
              "availability_zone": {
                "type": "string",
                "description_kind": "plain",
                "optional": true,
                "computed": true
              },
              "description": {
                "type": "string",
                "description_kind": "plain",
                "optional": true,
                "computed": true
              },
              "export_location": {
                "type": "string",
                "description_kind": "plain",
                "computed": true
              },
              "id": {
                "type": "string",
                "description_kind": "plain",
                "optional": true,
                "computed": true
              },
              "is_public": {
                "type": "bool",
                "description_kind": "plain",
                "optional": true
              },
              "metadata": {
                "type": [
                  "map",
                  "string"
                ],
                "description_kind": "plain",
                "optional": true
              },
              "name": {
                "type": "string",
                "description_kind": "plain",
                "optional": true
              },
              "region": {
                "type": "string",
                "description_kind": "plain",
                "optional": true,
                "computed": true
              },
              "share_access_id": {
                "type": "string",
                "description_kind": "plain",
                "computed": true
              },
              "share_proto": {
                "type": "string",
                "description_kind": "plain",
                "optional": true
              },
              "size": {
                "type": "number",
                "description_kind": "plain",
                "required": true
              },
              "status": {
                "type": "string",
                "description_kind": "plain",
                "computed": true
              },
              "volume_type": {
                "type": "string",
                "description_kind": "plain",
                "computed": true
              }
            },
            "block_types": {
              "timeouts": {
                "nesting_mode": "single",
                "block": {
                  "attributes": {
                    "create": {
                      "type": "string",
                      "description_kind": "plain",
                      "optional": true
                    },
                    "delete": {
                      "type": "string",
                      "description_kind": "plain",
                      "optional": true
                    }
                  },
                  "description_kind": "plain"
                }
              }
            },
            "description_kind": "plain"
          }
        },
        "flexibleengine_sfs_turbo": {
          "version": 0,
          "block": {
            "attributes": {
              "availability_zone": {
                "type": "string",
                "description_kind": "plain",
                "required": true
              },
              "available_capacity": {
                "type": "string",
                "description_kind": "plain",
                "computed": true
              },
              "crypt_key_id": {
                "type": "string",
                "description_kind": "plain",
                "optional": true
              },
              "export_location": {
                "type": "string",
                "description_kind": "plain",
                "computed": true
              },
              "id": {
                "type": "string",
                "description_kind": "plain",
                "optional": true,
                "computed": true
              },
              "name": {
                "type": "string",
                "description_kind": "plain",
                "required": true
              },
              "region": {
                "type": "string",
                "description_kind": "plain",
                "optional": true,
                "computed": true
              },
              "security_group_id": {
                "type": "string",
                "description_kind": "plain",
                "required": true
              },
              "share_proto": {
                "type": "string",
                "description_kind": "plain",
                "optional": true
              },
              "share_type": {
                "type": "string",
                "description_kind": "plain",
                "optional": true
              },
              "size": {
                "type": "number",
                "description_kind": "plain",
                "required": true
              },
              "status": {
                "type": "string",
                "description_kind": "plain",
                "computed": true
              },
              "subnet_id": {
                "type": "string",
                "description_kind": "plain",
                "required": true
              },
              "version": {
                "type": "string",
                "description_kind": "plain",
                "computed": true
              },
              "vpc_id": {
                "type": "string",
                "description_kind": "plain",
                "required": true
              }
            },
            "block_types": {
              "timeouts": {
                "nesting_mode": "single",
                "block": {
                  "attributes": {
                    "create": {
                      "type": "string",
                      "description_kind": "plain",
                      "optional": true
                    },
                    "delete": {
                      "type": "string",
                      "description_kind": "plain",
                      "optional": true
                    }
                  },
                  "description_kind": "plain"
                }
              }
            },
            "description_kind": "plain"
          }
        },
        "flexibleengine_smn_subscription_v2": {
          "version": 0,
          "block": {
            "attributes": {
              "endpoint": {
                "type": "string",
                "description_kind": "plain",
                "required": true
              },
              "id": {
                "type": "string",
                "description_kind": "plain",
                "optional": true,
                "computed": true
              },
              "owner": {
                "type": "string",
                "description_kind": "plain",
                "optional": true,
                "computed": true
              },
              "protocol": {
                "type": "string",
                "description_kind": "plain",
                "required": true
              },
              "remark": {
                "type": "string",
                "description_kind": "plain",
                "optional": true
              },
              "status": {
                "type": "number",
                "description_kind": "plain",
                "optional": true,
                "computed": true
              },
              "subscription_urn": {
                "type": "string",
                "description_kind": "plain",
                "optional": true,
                "computed": true
              },
              "topic_urn": {
                "type": "string",
                "description_kind": "plain",
                "required": true
              }
            },
            "description_kind": "plain"
          }
        },
        "flexibleengine_smn_topic_v2": {
          "version": 0,
          "block": {
            "attributes": {
              "create_time": {
                "type": "string",
                "description_kind": "plain",
                "computed": true
              },
              "display_name": {
                "type": "string",
                "description_kind": "plain",
                "optional": true
              },
              "id": {
                "type": "string",
                "description_kind": "plain",
                "optional": true,
                "computed": true
              },
              "name": {
                "type": "string",
                "description_kind": "plain",
                "required": true
              },
              "push_policy": {
                "type": "number",
                "description_kind": "plain",
                "computed": true
              },
              "topic_urn": {
                "type": "string",
                "description_kind": "plain",
                "computed": true
              },
              "update_time": {
                "type": "string",
                "description_kind": "plain",
                "computed": true
              }
            },
            "description_kind": "plain"
          }
        },
        "flexibleengine_sms_server_template": {
          "version": 0,
          "block": {
            "attributes": {
              "availability_zone": {
                "type": "string",
                "description_kind": "plain",
                "required": true
              },
              "bandwidth_size": {
                "type": "number",
                "description_kind": "plain",
                "optional": true
              },
              "flavor": {
                "type": "string",
                "description_kind": "plain",
                "optional": true
              },
              "id": {
                "type": "string",
                "description_kind": "plain",
                "optional": true,
                "computed": true
              },
              "name": {
                "type": "string",
                "description_kind": "plain",
                "required": true
              },
              "project_id": {
                "type": "string",
                "description_kind": "plain",
                "optional": true,
                "computed": true
              },
              "region": {
                "type": "string",
                "description_kind": "plain",
                "optional": true,
                "computed": true
              },
              "security_group_ids": {
                "type": [
                  "list",
                  "string"
                ],
                "description_kind": "plain",
                "optional": true,
                "computed": true
              },
              "subnet_ids": {
                "type": [
                  "list",
                  "string"
                ],
                "description_kind": "plain",
                "optional": true,
                "computed": true
              },
              "target_server_name": {
                "type": "string",
                "description_kind": "plain",
                "optional": true,
                "computed": true
              },
              "volume_type": {
                "type": "string",
                "description_kind": "plain",
                "optional": true
              },
              "vpc_id": {
                "type": "string",
                "description_kind": "plain",
                "optional": true,
                "computed": true
              },
              "vpc_name": {
                "type": "string",
                "description_kind": "plain",
                "computed": true
              }
            },
            "block_types": {
              "timeouts": {
                "nesting_mode": "single",
                "block": {
                  "attributes": {
                    "create": {
                      "type": "string",
                      "description_kind": "plain",
                      "optional": true
                    },
                    "delete": {
                      "type": "string",
                      "description_kind": "plain",
                      "optional": true
                    },
                    "update": {
                      "type": "string",
                      "description_kind": "plain",
                      "optional": true
                    }
                  },
                  "description_kind": "plain"
                }
              }
            },
            "description_kind": "plain"
          }
        },
        "flexibleengine_sms_task": {
          "version": 0,
          "block": {
            "attributes": {
              "action": {
                "type": "string",
                "description_kind": "plain",
                "optional": true
              },
              "enterprise_project_id": {
                "type": "string",
                "description_kind": "plain",
                "computed": true
              },
              "id": {
                "type": "string",
                "description_kind": "plain",
                "optional": true,
                "computed": true
              },
              "migrate_speed": {
                "type": "number",
                "description_kind": "plain",
                "computed": true
              },
              "migration_ip": {
                "type": "string",
                "description_kind": "plain",
                "optional": true
              },
              "os_type": {
                "type": "string",
                "description_kind": "plain",
                "required": true
              },
              "project_id": {
                "type": "string",
                "description_kind": "plain",
                "optional": true,
                "computed": true
              },
              "region": {
                "type": "string",
                "description_kind": "plain",
                "optional": true,
                "computed": true
              },
              "source_server_id": {
                "type": "string",
                "description_kind": "plain",
                "required": true
              },
              "start_target_server": {
                "type": "bool",
                "description_kind": "plain",
                "optional": true
              },
              "state": {
                "type": "string",
                "description_kind": "plain",
                "computed": true
              },
              "syncing": {
                "type": "bool",
                "description_kind": "plain",
                "optional": true
              },
              "target_server_id": {
                "type": "string",
                "description_kind": "plain",
                "optional": true,
                "computed": true
              },
              "target_server_name": {
                "type": "string",
                "description_kind": "plain",
                "computed": true
              },
              "type": {
                "type": "string",
                "description_kind": "plain",
                "required": true
              },
              "use_public_ip": {
                "type": "bool",
                "description_kind": "plain",
                "optional": true
              },
              "vm_template_id": {
                "type": "string",
                "description_kind": "plain",
                "optional": true
              }
            },
            "block_types": {
              "target_server_disks": {
                "nesting_mode": "list",
                "block": {
                  "attributes": {
                    "device_type": {
                      "type": "string",
                      "description_kind": "plain",
                      "required": true
                    },
                    "disk_id": {
                      "type": "string",
                      "description_kind": "plain",
                      "optional": true,
                      "computed": true
                    },
                    "name": {
                      "type": "string",
                      "description_kind": "plain",
                      "required": true
                    },
                    "size": {
                      "type": "number",
                      "description_kind": "plain",
                      "required": true
                    },
                    "used_size": {
                      "type": "number",
                      "description_kind": "plain",
                      "optional": true,
                      "computed": true
                    }
                  },
                  "block_types": {
                    "physical_volumes": {
                      "nesting_mode": "list",
                      "block": {
                        "attributes": {
                          "device_type": {
                            "type": "string",
                            "description_kind": "plain",
                            "required": true
                          },
                          "file_system": {
                            "type": "string",
                            "description_kind": "plain",
                            "required": true
                          },
                          "index": {
                            "type": "number",
                            "description_kind": "plain",
                            "required": true
                          },
                          "mount_point": {
                            "type": "string",
                            "description_kind": "plain",
                            "required": true
                          },
                          "name": {
                            "type": "string",
                            "description_kind": "plain",
                            "required": true
                          },
                          "size": {
                            "type": "number",
                            "description_kind": "plain",
                            "required": true
                          },
                          "used_size": {
                            "type": "number",
                            "description_kind": "plain",
                            "optional": true,
                            "computed": true
                          },
                          "uuid": {
                            "type": "string",
                            "description_kind": "plain",
                            "optional": true,
                            "computed": true
                          }
                        },
                        "description_kind": "plain"
                      }
                    }
                  },
                  "description_kind": "plain"
                }
              },
              "timeouts": {
                "nesting_mode": "single",
                "block": {
                  "attributes": {
                    "create": {
                      "type": "string",
                      "description_kind": "plain",
                      "optional": true
                    },
                    "delete": {
                      "type": "string",
                      "description_kind": "plain",
                      "optional": true
                    },
                    "update": {
                      "type": "string",
                      "description_kind": "plain",
                      "optional": true
                    }
                  },
                  "description_kind": "plain"
                }
              }
            },
            "description_kind": "plain"
          }
        },
        "flexibleengine_swr_organization": {
          "version": 0,
          "block": {
            "attributes": {
              "creator": {
                "type": "string",
                "description_kind": "plain",
                "computed": true
              },
              "id": {
                "type": "string",
                "description_kind": "plain",
                "optional": true,
                "computed": true
              },
              "login_server": {
                "type": "string",
                "description_kind": "plain",
                "computed": true
              },
              "name": {
                "type": "string",
                "description_kind": "plain",
                "required": true
              },
              "permission": {
                "type": "string",
                "description_kind": "plain",
                "computed": true
              },
              "region": {
                "type": "string",
                "description_kind": "plain",
                "optional": true,
                "computed": true
              }
            },
            "block_types": {
              "timeouts": {
                "nesting_mode": "single",
                "block": {
                  "attributes": {
                    "create": {
                      "type": "string",
                      "description_kind": "plain",
                      "optional": true
                    },
                    "delete": {
                      "type": "string",
                      "description_kind": "plain",
                      "optional": true
                    }
                  },
                  "description_kind": "plain"
                }
              }
            },
            "description_kind": "plain"
          }
        },
        "flexibleengine_swr_organization_users": {
          "version": 0,
          "block": {
            "attributes": {
              "creator": {
                "type": "string",
                "description_kind": "plain",
                "computed": true
              },
              "id": {
                "type": "string",
                "description_kind": "plain",
                "optional": true,
                "computed": true
              },
              "organization": {
                "type": "string",
                "description_kind": "plain",
                "required": true
              },
              "region": {
                "type": "string",
                "description_kind": "plain",
                "optional": true,
                "computed": true
              },
              "self_permission": {
                "type": [
                  "list",
                  [
                    "object",
                    {
                      "permission": "string",
                      "user_id": "string",
                      "user_name": "string"
                    }
                  ]
                ],
                "description_kind": "plain",
                "computed": true
              }
            },
            "block_types": {
              "timeouts": {
                "nesting_mode": "single",
                "block": {
                  "attributes": {
                    "create": {
                      "type": "string",
                      "description_kind": "plain",
                      "optional": true
                    },
                    "delete": {
                      "type": "string",
                      "description_kind": "plain",
                      "optional": true
                    }
                  },
                  "description_kind": "plain"
                }
              },
              "users": {
                "nesting_mode": "list",
                "block": {
                  "attributes": {
                    "permission": {
                      "type": "string",
                      "description_kind": "plain",
                      "required": true
                    },
                    "user_id": {
                      "type": "string",
                      "description_kind": "plain",
                      "required": true
                    },
                    "user_name": {
                      "type": "string",
                      "description_kind": "plain",
                      "optional": true,
                      "computed": true
                    }
                  },
                  "description_kind": "plain"
                },
                "min_items": 1
              }
            },
            "description_kind": "plain"
          }
        },
        "flexibleengine_swr_repository": {
          "version": 0,
          "block": {
            "attributes": {
              "category": {
                "type": "string",
                "description_kind": "plain",
                "optional": true
              },
              "description": {
                "type": "string",
                "description_kind": "plain",
                "optional": true
              },
              "id": {
                "type": "string",
                "description_kind": "plain",
                "optional": true,
                "computed": true
              },
              "internal_path": {
                "type": "string",
                "description_kind": "plain",
                "computed": true
              },
              "is_public": {
                "type": "bool",
                "description_kind": "plain",
                "optional": true
              },
              "name": {
                "type": "string",
                "description_kind": "plain",
                "required": true
              },
              "num_images": {
                "type": "number",
                "description_kind": "plain",
                "computed": true
              },
              "organization": {
                "type": "string",
                "description_kind": "plain",
                "required": true
              },
              "path": {
                "type": "string",
                "description_kind": "plain",
                "computed": true
              },
              "region": {
                "type": "string",
                "description_kind": "plain",
                "optional": true,
                "computed": true
              },
              "repository_id": {
                "type": "number",
                "description_kind": "plain",
                "computed": true
              },
              "size": {
                "type": "number",
                "description_kind": "plain",
                "computed": true
              }
            },
            "block_types": {
              "timeouts": {
                "nesting_mode": "single",
                "block": {
                  "attributes": {
                    "create": {
                      "type": "string",
                      "description_kind": "plain",
                      "optional": true
                    },
                    "delete": {
                      "type": "string",
                      "description_kind": "plain",
                      "optional": true
                    },
                    "update": {
                      "type": "string",
                      "description_kind": "plain",
                      "optional": true
                    }
                  },
                  "description_kind": "plain"
                }
              }
            },
            "description_kind": "plain"
          }
        },
        "flexibleengine_swr_repository_sharing": {
          "version": 0,
          "block": {
            "attributes": {
              "deadline": {
                "type": "string",
                "description_kind": "plain",
                "required": true
              },
              "description": {
                "type": "string",
                "description_kind": "plain",
                "optional": true
              },
              "id": {
                "type": "string",
                "description_kind": "plain",
                "optional": true,
                "computed": true
              },
              "organization": {
                "type": "string",
                "description_kind": "plain",
                "required": true
              },
              "permission": {
                "type": "string",
                "description_kind": "plain",
                "optional": true
              },
              "region": {
                "type": "string",
                "description_kind": "plain",
                "optional": true,
                "computed": true
              },
              "repository": {
                "type": "string",
                "description_kind": "plain",
                "required": true
              },
              "sharing_account": {
                "type": "string",
                "description_kind": "plain",
                "required": true
              },
              "status": {
                "type": "bool",
                "description_kind": "plain",
                "computed": true
              }
            },
            "block_types": {
              "timeouts": {
                "nesting_mode": "single",
                "block": {
                  "attributes": {
                    "default": {
                      "type": "string",
                      "description_kind": "plain",
                      "optional": true
                    }
                  },
                  "description_kind": "plain"
                }
              }
            },
            "description_kind": "plain"
          }
        },
        "flexibleengine_tms_tags": {
          "version": 0,
          "block": {
            "attributes": {
              "id": {
                "type": "string",
                "description_kind": "plain",
                "optional": true,
                "computed": true
              }
            },
            "block_types": {
              "tags": {
                "nesting_mode": "list",
                "block": {
                  "attributes": {
                    "key": {
                      "type": "string",
                      "description_kind": "plain",
                      "required": true
                    },
                    "value": {
                      "type": "string",
                      "description_kind": "plain",
                      "required": true
                    }
                  },
                  "description_kind": "plain"
                },
                "min_items": 1
              },
              "timeouts": {
                "nesting_mode": "single",
                "block": {
                  "attributes": {
                    "create": {
                      "type": "string",
                      "description_kind": "plain",
                      "optional": true
                    },
                    "delete": {
                      "type": "string",
                      "description_kind": "plain",
                      "optional": true
                    }
                  },
                  "description_kind": "plain"
                }
              }
            },
            "description_kind": "plain"
          }
        },
        "flexibleengine_vbs_backup_policy_v2": {
          "version": 0,
          "block": {
            "attributes": {
              "frequency": {
                "type": "number",
                "description_kind": "plain",
                "optional": true
              },
              "id": {
                "type": "string",
                "description_kind": "plain",
                "optional": true,
                "computed": true
              },
              "name": {
                "type": "string",
                "description_kind": "plain",
                "required": true
              },
              "policy_resource_count": {
                "type": "number",
                "description_kind": "plain",
                "computed": true
              },
              "region": {
                "type": "string",
                "description_kind": "plain",
                "optional": true,
                "computed": true
              },
              "rentention_day": {
                "type": "number",
                "description_kind": "plain",
                "optional": true
              },
              "rentention_num": {
                "type": "number",
                "description_kind": "plain",
                "optional": true
              },
              "resources": {
                "type": [
                  "list",
                  "string"
                ],
                "description_kind": "plain",
                "optional": true
              },
              "retain_first_backup": {
                "type": "string",
                "description_kind": "plain",
                "required": true
              },
              "start_time": {
                "type": "string",
                "description_kind": "plain",
                "required": true
              },
              "status": {
                "type": "string",
                "description_kind": "plain",
                "optional": true
              },
              "week_frequency": {
                "type": [
                  "list",
                  "string"
                ],
                "description_kind": "plain",
                "optional": true
              }
            },
            "block_types": {
              "timeouts": {
                "nesting_mode": "single",
                "block": {
                  "attributes": {
                    "create": {
                      "type": "string",
                      "description_kind": "plain",
                      "optional": true
                    },
                    "delete": {
                      "type": "string",
                      "description_kind": "plain",
                      "optional": true
                    }
                  },
                  "description_kind": "plain"
                }
              }
            },
            "description_kind": "plain"
          }
        },
        "flexibleengine_vbs_backup_v2": {
          "version": 0,
          "block": {
            "attributes": {
              "availability_zone": {
                "type": "string",
                "description_kind": "plain",
                "computed": true
              },
              "container": {
                "type": "string",
                "description_kind": "plain",
                "computed": true
              },
              "description": {
                "type": "string",
                "description_kind": "plain",
                "optional": true
              },
              "id": {
                "type": "string",
                "description_kind": "plain",
                "optional": true,
                "computed": true
              },
              "name": {
                "type": "string",
                "description_kind": "plain",
                "required": true
              },
              "region": {
                "type": "string",
                "description_kind": "plain",
                "optional": true,
                "computed": true
              },
              "service_metadata": {
                "type": "string",
                "description_kind": "plain",
                "computed": true
              },
              "size": {
                "type": "number",
                "description_kind": "plain",
                "computed": true
              },
              "snapshot_id": {
                "type": "string",
                "description_kind": "plain",
                "optional": true,
                "computed": true
              },
              "status": {
                "type": "string",
                "description_kind": "plain",
                "computed": true
              },
              "volume_id": {
                "type": "string",
                "description_kind": "plain",
                "required": true
              }
            },
            "block_types": {
              "timeouts": {
                "nesting_mode": "single",
                "block": {
                  "attributes": {
                    "create": {
                      "type": "string",
                      "description_kind": "plain",
                      "optional": true
                    },
                    "delete": {
                      "type": "string",
                      "description_kind": "plain",
                      "optional": true
                    }
                  },
                  "description_kind": "plain"
                }
              }
            },
            "description_kind": "plain"
          }
        },
        "flexibleengine_vpc_eip": {
          "version": 0,
          "block": {
            "attributes": {
              "address": {
                "type": "string",
                "description_kind": "plain",
                "computed": true
              },
              "id": {
                "type": "string",
                "description_kind": "plain",
                "optional": true,
                "computed": true
              },
              "region": {
                "type": "string",
                "description_kind": "plain",
                "optional": true,
                "computed": true
              },
              "status": {
                "type": "string",
                "description_kind": "plain",
                "computed": true
              },
              "tags": {
                "type": [
                  "map",
                  "string"
                ],
                "description_kind": "plain",
                "optional": true
              }
            },
            "block_types": {
              "bandwidth": {
                "nesting_mode": "list",
                "block": {
                  "attributes": {
                    "charge_mode": {
                      "type": "string",
                      "description_kind": "plain",
                      "optional": true,
                      "computed": true
                    },
                    "name": {
                      "type": "string",
                      "description_kind": "plain",
                      "required": true
                    },
                    "share_type": {
                      "type": "string",
                      "description_kind": "plain",
                      "required": true
                    },
                    "size": {
                      "type": "number",
                      "description_kind": "plain",
                      "required": true
                    }
                  },
                  "description_kind": "plain"
                },
                "min_items": 1,
                "max_items": 1
              },
              "publicip": {
                "nesting_mode": "list",
                "block": {
                  "attributes": {
                    "ip_address": {
                      "type": "string",
                      "description_kind": "plain",
                      "optional": true,
                      "computed": true
                    },
                    "port_id": {
                      "type": "string",
                      "description_kind": "plain",
                      "optional": true,
                      "computed": true
                    },
                    "type": {
                      "type": "string",
                      "description_kind": "plain",
                      "required": true
                    }
                  },
                  "description_kind": "plain"
                },
                "min_items": 1,
                "max_items": 1
              },
              "timeouts": {
                "nesting_mode": "single",
                "block": {
                  "attributes": {
                    "create": {
                      "type": "string",
                      "description_kind": "plain",
                      "optional": true
                    },
                    "delete": {
                      "type": "string",
                      "description_kind": "plain",
                      "optional": true
                    }
                  },
                  "description_kind": "plain"
                }
              }
            },
            "description_kind": "plain"
          }
        },
        "flexibleengine_vpc_eip_associate": {
          "version": 0,
          "block": {
            "attributes": {
              "fixed_ip": {
                "type": "string",
                "description_kind": "plain",
                "optional": true,
                "computed": true
              },
              "id": {
                "type": "string",
                "description_kind": "plain",
                "optional": true,
                "computed": true
              },
              "mac_address": {
                "type": "string",
                "description_kind": "plain",
                "computed": true
              },
              "network_id": {
                "type": "string",
                "description_kind": "plain",
                "optional": true,
                "computed": true
              },
              "port_id": {
                "type": "string",
                "description_kind": "plain",
                "optional": true,
                "computed": true
              },
              "public_ip": {
                "type": "string",
                "description_kind": "plain",
                "required": true
              },
              "region": {
                "type": "string",
                "description_kind": "plain",
                "optional": true,
                "computed": true
              },
              "status": {
                "type": "string",
                "description_kind": "plain",
                "computed": true
              }
            },
            "block_types": {
              "timeouts": {
                "nesting_mode": "single",
                "block": {
                  "attributes": {
                    "create": {
                      "type": "string",
                      "description_kind": "plain",
                      "optional": true
                    },
                    "delete": {
                      "type": "string",
                      "description_kind": "plain",
                      "optional": true
                    }
                  },
                  "description_kind": "plain"
                }
              }
            },
            "description_kind": "plain"
          }
        },
        "flexibleengine_vpc_eip_v1": {
          "version": 0,
          "block": {
            "attributes": {
              "address": {
                "type": "string",
                "description_kind": "plain",
                "computed": true
              },
              "id": {
                "type": "string",
                "description_kind": "plain",
                "optional": true,
                "computed": true
              },
              "region": {
                "type": "string",
                "description_kind": "plain",
                "optional": true,
                "computed": true
              },
              "status": {
                "type": "string",
                "description_kind": "plain",
                "computed": true
              },
              "tags": {
                "type": [
                  "map",
                  "string"
                ],
                "description_kind": "plain",
                "optional": true
              }
            },
            "block_types": {
              "bandwidth": {
                "nesting_mode": "list",
                "block": {
                  "attributes": {
                    "charge_mode": {
                      "type": "string",
                      "description_kind": "plain",
                      "optional": true,
                      "computed": true
                    },
                    "name": {
                      "type": "string",
                      "description_kind": "plain",
                      "required": true
                    },
                    "share_type": {
                      "type": "string",
                      "description_kind": "plain",
                      "required": true
                    },
                    "size": {
                      "type": "number",
                      "description_kind": "plain",
                      "required": true
                    }
                  },
                  "description_kind": "plain"
                },
                "min_items": 1,
                "max_items": 1
              },
              "publicip": {
                "nesting_mode": "list",
                "block": {
                  "attributes": {
                    "ip_address": {
                      "type": "string",
                      "description_kind": "plain",
                      "optional": true,
                      "computed": true
                    },
                    "port_id": {
                      "type": "string",
                      "description_kind": "plain",
                      "optional": true,
                      "computed": true
                    },
                    "type": {
                      "type": "string",
                      "description_kind": "plain",
                      "required": true
                    }
                  },
                  "description_kind": "plain"
                },
                "min_items": 1,
                "max_items": 1
              },
              "timeouts": {
                "nesting_mode": "single",
                "block": {
                  "attributes": {
                    "create": {
                      "type": "string",
                      "description_kind": "plain",
                      "optional": true
                    },
                    "delete": {
                      "type": "string",
                      "description_kind": "plain",
                      "optional": true
                    }
                  },
                  "description_kind": "plain"
                }
              }
            },
            "description_kind": "plain"
          }
        },
        "flexibleengine_vpc_flow_log_v1": {
          "version": 0,
          "block": {
            "attributes": {
              "description": {
                "type": "string",
                "description_kind": "plain",
                "optional": true
              },
              "id": {
                "type": "string",
                "description_kind": "plain",
                "optional": true,
                "computed": true
              },
              "log_group_id": {
                "type": "string",
                "description_kind": "plain",
                "required": true
              },
              "log_topic_id": {
                "type": "string",
                "description_kind": "plain",
                "required": true
              },
              "name": {
                "type": "string",
                "description_kind": "plain",
                "required": true
              },
              "region": {
                "type": "string",
                "description_kind": "plain",
                "optional": true,
                "computed": true
              },
              "resource_id": {
                "type": "string",
                "description_kind": "plain",
                "required": true
              },
              "resource_type": {
                "type": "string",
                "description_kind": "plain",
                "optional": true
              },
              "status": {
                "type": "string",
                "description_kind": "plain",
                "computed": true
              },
              "traffic_type": {
                "type": "string",
                "description_kind": "plain",
                "optional": true
              }
            },
            "block_types": {
              "timeouts": {
                "nesting_mode": "single",
                "block": {
                  "attributes": {
                    "create": {
                      "type": "string",
                      "description_kind": "plain",
                      "optional": true
                    },
                    "delete": {
                      "type": "string",
                      "description_kind": "plain",
                      "optional": true
                    }
                  },
                  "description_kind": "plain"
                }
              }
            },
            "description_kind": "plain"
          }
        },
        "flexibleengine_vpc_peering_connection_accepter_v2": {
          "version": 0,
          "block": {
            "attributes": {
              "accept": {
                "type": "bool",
                "description_kind": "plain",
                "optional": true
              },
              "id": {
                "type": "string",
                "description_kind": "plain",
                "optional": true,
                "computed": true
              },
              "name": {
                "type": "string",
                "description_kind": "plain",
                "computed": true
              },
              "peer_tenant_id": {
                "type": "string",
                "description_kind": "plain",
                "computed": true
              },
              "peer_vpc_id": {
                "type": "string",
                "description_kind": "plain",
                "computed": true
              },
              "region": {
                "type": "string",
                "description_kind": "plain",
                "optional": true,
                "computed": true
              },
              "status": {
                "type": "string",
                "description_kind": "plain",
                "computed": true
              },
              "vpc_id": {
                "type": "string",
                "description_kind": "plain",
                "computed": true
              },
              "vpc_peering_connection_id": {
                "type": "string",
                "description_kind": "plain",
                "required": true
              }
            },
            "block_types": {
              "timeouts": {
                "nesting_mode": "single",
                "block": {
                  "attributes": {
                    "create": {
                      "type": "string",
                      "description_kind": "plain",
                      "optional": true
                    },
                    "delete": {
                      "type": "string",
                      "description_kind": "plain",
                      "optional": true
                    }
                  },
                  "description_kind": "plain"
                }
              }
            },
            "description_kind": "plain"
          }
        },
        "flexibleengine_vpc_peering_connection_v2": {
          "version": 0,
          "block": {
            "attributes": {
              "id": {
                "type": "string",
                "description_kind": "plain",
                "optional": true,
                "computed": true
              },
              "name": {
                "type": "string",
                "description_kind": "plain",
                "required": true
              },
              "peer_tenant_id": {
                "type": "string",
                "description_kind": "plain",
                "optional": true,
                "computed": true
              },
              "peer_vpc_id": {
                "type": "string",
                "description_kind": "plain",
                "required": true
              },
              "region": {
                "type": "string",
                "description_kind": "plain",
                "optional": true,
                "computed": true
              },
              "status": {
                "type": "string",
                "description_kind": "plain",
                "computed": true
              },
              "vpc_id": {
                "type": "string",
                "description_kind": "plain",
                "required": true
              }
            },
            "block_types": {
              "timeouts": {
                "nesting_mode": "single",
                "block": {
                  "attributes": {
                    "create": {
                      "type": "string",
                      "description_kind": "plain",
                      "optional": true
                    },
                    "delete": {
                      "type": "string",
                      "description_kind": "plain",
                      "optional": true
                    }
                  },
                  "description_kind": "plain"
                }
              }
            },
            "description_kind": "plain"
          }
        },
        "flexibleengine_vpc_route": {
          "version": 0,
          "block": {
            "attributes": {
              "description": {
                "type": "string",
                "description_kind": "plain",
                "optional": true
              },
              "destination": {
                "type": "string",
                "description_kind": "plain",
                "required": true
              },
              "id": {
                "type": "string",
                "description_kind": "plain",
                "optional": true,
                "computed": true
              },
              "nexthop": {
                "type": "string",
                "description_kind": "plain",
                "required": true
              },
              "region": {
                "type": "string",
                "description_kind": "plain",
                "optional": true,
                "computed": true
              },
              "route_table_id": {
                "type": "string",
                "description_kind": "plain",
                "optional": true,
                "computed": true
              },
              "route_table_name": {
                "type": "string",
                "description_kind": "plain",
                "computed": true
              },
              "type": {
                "type": "string",
                "description_kind": "plain",
                "required": true
              },
              "vpc_id": {
                "type": "string",
                "description_kind": "plain",
                "required": true
              }
            },
            "block_types": {
              "timeouts": {
                "nesting_mode": "single",
                "block": {
                  "attributes": {
                    "create": {
                      "type": "string",
                      "description_kind": "plain",
                      "optional": true
                    },
                    "delete": {
                      "type": "string",
                      "description_kind": "plain",
                      "optional": true
                    }
                  },
                  "description_kind": "plain"
                }
              }
            },
            "description_kind": "plain"
          }
        },
        "flexibleengine_vpc_route_table": {
          "version": 0,
          "block": {
            "attributes": {
              "description": {
                "type": "string",
                "description_kind": "plain",
                "optional": true
              },
              "id": {
                "type": "string",
                "description_kind": "plain",
                "optional": true,
                "computed": true
              },
              "name": {
                "type": "string",
                "description_kind": "plain",
                "required": true
              },
              "region": {
                "type": "string",
                "description_kind": "plain",
                "optional": true,
                "computed": true
              },
              "subnets": {
                "type": [
                  "set",
                  "string"
                ],
                "description_kind": "plain",
                "optional": true
              },
              "vpc_id": {
                "type": "string",
                "description_kind": "plain",
                "required": true
              }
            },
            "block_types": {
              "route": {
                "nesting_mode": "set",
                "block": {
                  "attributes": {
                    "description": {
                      "type": "string",
                      "description_kind": "plain",
                      "optional": true
                    },
                    "destination": {
                      "type": "string",
                      "description_kind": "plain",
                      "required": true
                    },
                    "nexthop": {
                      "type": "string",
                      "description_kind": "plain",
                      "required": true
                    },
                    "type": {
                      "type": "string",
                      "description_kind": "plain",
                      "required": true
                    }
                  },
                  "description_kind": "plain"
                },
                "max_items": 200
              },
              "timeouts": {
                "nesting_mode": "single",
                "block": {
                  "attributes": {
                    "create": {
                      "type": "string",
                      "description_kind": "plain",
                      "optional": true
                    },
                    "delete": {
                      "type": "string",
                      "description_kind": "plain",
                      "optional": true
                    }
                  },
                  "description_kind": "plain"
                }
              }
            },
            "description_kind": "plain"
          }
        },
        "flexibleengine_vpc_route_v2": {
          "version": 0,
          "block": {
            "attributes": {
              "destination": {
                "type": "string",
                "description_kind": "plain",
                "required": true
              },
              "id": {
                "type": "string",
                "description_kind": "plain",
                "optional": true,
                "computed": true
              },
              "nexthop": {
                "type": "string",
                "description_kind": "plain",
                "required": true
              },
              "region": {
                "type": "string",
                "description_kind": "plain",
                "optional": true,
                "computed": true
              },
              "tenant_id": {
                "type": "string",
                "description_kind": "plain",
                "optional": true,
                "computed": true
              },
              "type": {
                "type": "string",
                "description_kind": "plain",
                "required": true
              },
              "vpc_id": {
                "type": "string",
                "description_kind": "plain",
                "required": true
              }
            },
            "block_types": {
              "timeouts": {
                "nesting_mode": "single",
                "block": {
                  "attributes": {
                    "create": {
                      "type": "string",
                      "description_kind": "plain",
                      "optional": true
                    },
                    "delete": {
                      "type": "string",
                      "description_kind": "plain",
                      "optional": true
                    }
                  },
                  "description_kind": "plain"
                }
              }
            },
            "description_kind": "plain",
            "deprecated": true
          }
        },
        "flexibleengine_vpc_subnet_v1": {
          "version": 0,
          "block": {
            "attributes": {
              "availability_zone": {
                "type": "string",
                "description_kind": "plain",
                "optional": true,
                "computed": true
              },
              "cidr": {
                "type": "string",
                "description_kind": "plain",
                "required": true
              },
              "description": {
                "type": "string",
                "description_kind": "plain",
                "optional": true
              },
              "dhcp_enable": {
                "type": "bool",
                "description_kind": "plain",
                "optional": true
              },
              "dns_list": {
                "type": [
                  "list",
                  "string"
                ],
                "description_kind": "plain",
                "optional": true,
                "computed": true
              },
              "gateway_ip": {
                "type": "string",
                "description_kind": "plain",
                "required": true
              },
              "id": {
                "type": "string",
                "description_kind": "plain",
                "optional": true,
                "computed": true
              },
              "ipv4_subnet_id": {
                "type": "string",
                "description_kind": "plain",
                "computed": true
              },
              "ipv6_cidr": {
                "type": "string",
                "description_kind": "plain",
                "computed": true
              },
              "ipv6_enable": {
                "type": "bool",
                "description_kind": "plain",
                "optional": true
              },
              "ipv6_gateway": {
                "type": "string",
                "description_kind": "plain",
                "computed": true
              },
              "ipv6_subnet_id": {
                "type": "string",
                "description_kind": "plain",
                "computed": true
              },
              "name": {
                "type": "string",
                "description_kind": "plain",
                "required": true
              },
              "primary_dns": {
                "type": "string",
                "description_kind": "plain",
                "optional": true,
                "computed": true
              },
              "region": {
                "type": "string",
                "description_kind": "plain",
                "optional": true,
                "computed": true
              },
              "secondary_dns": {
                "type": "string",
                "description_kind": "plain",
                "optional": true,
                "computed": true
              },
              "subnet_id": {
                "type": "string",
                "description": "schema: Deprecated",
                "description_kind": "plain",
                "computed": true
              },
              "tags": {
                "type": [
                  "map",
                  "string"
                ],
                "description_kind": "plain",
                "optional": true
              },
              "vpc_id": {
                "type": "string",
                "description_kind": "plain",
                "required": true
              }
            },
            "block_types": {
              "timeouts": {
                "nesting_mode": "single",
                "block": {
                  "attributes": {
                    "create": {
                      "type": "string",
                      "description_kind": "plain",
                      "optional": true
                    },
                    "delete": {
                      "type": "string",
                      "description_kind": "plain",
                      "optional": true
                    }
                  },
                  "description_kind": "plain"
                }
              }
            },
            "description_kind": "plain"
          }
        },
        "flexibleengine_vpc_v1": {
          "version": 0,
          "block": {
            "attributes": {
              "cidr": {
                "type": "string",
                "description_kind": "plain",
                "required": true
              },
              "description": {
                "type": "string",
                "description_kind": "plain",
                "optional": true
              },
              "enterprise_project_id": {
                "type": "string",
                "description_kind": "plain",
                "optional": true,
                "computed": true
              },
              "id": {
                "type": "string",
                "description_kind": "plain",
                "optional": true,
                "computed": true
              },
              "name": {
                "type": "string",
                "description_kind": "plain",
                "required": true
              },
              "region": {
                "type": "string",
                "description_kind": "plain",
                "optional": true,
                "computed": true
              },
              "routes": {
                "type": [
                  "list",
                  [
                    "object",
                    {
                      "destination": "string",
                      "nexthop": "string"
                    }
                  ]
                ],
                "description_kind": "plain",
                "deprecated": true,
                "computed": true
              },
              "secondary_cidr": {
                "type": "string",
                "description_kind": "plain",
                "optional": true
              },
              "status": {
                "type": "string",
                "description_kind": "plain",
                "computed": true
              },
              "tags": {
                "type": [
                  "map",
                  "string"
                ],
                "description_kind": "plain",
                "optional": true
              }
            },
            "block_types": {
              "timeouts": {
                "nesting_mode": "single",
                "block": {
                  "attributes": {
                    "create": {
                      "type": "string",
                      "description_kind": "plain",
                      "optional": true
                    },
                    "delete": {
                      "type": "string",
                      "description_kind": "plain",
                      "optional": true
                    }
                  },
                  "description_kind": "plain"
                }
              }
            },
            "description_kind": "plain"
          }
        },
        "flexibleengine_vpcep_approval": {
          "version": 0,
          "block": {
            "attributes": {
              "connections": {
                "type": [
                  "list",
                  [
                    "object",
                    {
                      "domain_id": "string",
                      "endpoint_id": "string",
                      "packet_id": "number",
                      "status": "string"
                    }
                  ]
                ],
                "description_kind": "plain",
                "computed": true
              },
              "endpoints": {
                "type": [
                  "set",
                  "string"
                ],
                "description_kind": "plain",
                "required": true
              },
              "id": {
                "type": "string",
                "description_kind": "plain",
                "optional": true,
                "computed": true
              },
              "region": {
                "type": "string",
                "description_kind": "plain",
                "optional": true,
                "computed": true
              },
              "service_id": {
                "type": "string",
                "description_kind": "plain",
                "required": true
              }
            },
            "block_types": {
              "timeouts": {
                "nesting_mode": "single",
                "block": {
                  "attributes": {
                    "create": {
                      "type": "string",
                      "description_kind": "plain",
                      "optional": true
                    },
                    "delete": {
                      "type": "string",
                      "description_kind": "plain",
                      "optional": true
                    }
                  },
                  "description_kind": "plain"
                }
              }
            },
            "description_kind": "plain"
          }
        },
        "flexibleengine_vpcep_endpoint": {
          "version": 0,
          "block": {
            "attributes": {
              "enable_dns": {
                "type": "bool",
                "description_kind": "plain",
                "optional": true
              },
              "enable_whitelist": {
                "type": "bool",
                "description_kind": "plain",
                "optional": true
              },
              "id": {
                "type": "string",
                "description_kind": "plain",
                "optional": true,
                "computed": true
              },
              "ip_address": {
                "type": "string",
                "description_kind": "plain",
                "optional": true,
                "computed": true
              },
              "network_id": {
                "type": "string",
                "description_kind": "plain",
                "required": true
              },
              "packet_id": {
                "type": "number",
                "description_kind": "plain",
                "computed": true
              },
              "private_domain_name": {
                "type": "string",
                "description_kind": "plain",
                "computed": true
              },
              "region": {
                "type": "string",
                "description_kind": "plain",
                "optional": true,
                "computed": true
              },
              "service_id": {
                "type": "string",
                "description_kind": "plain",
                "required": true
              },
              "service_name": {
                "type": "string",
                "description_kind": "plain",
                "computed": true
              },
              "service_type": {
                "type": "string",
                "description_kind": "plain",
                "computed": true
              },
              "status": {
                "type": "string",
                "description_kind": "plain",
                "computed": true
              },
              "tags": {
                "type": [
                  "map",
                  "string"
                ],
                "description_kind": "plain",
                "optional": true
              },
              "vpc_id": {
                "type": "string",
                "description_kind": "plain",
                "required": true
              },
              "whitelist": {
                "type": [
                  "set",
                  "string"
                ],
                "description_kind": "plain",
                "optional": true
              }
            },
            "block_types": {
              "timeouts": {
                "nesting_mode": "single",
                "block": {
                  "attributes": {
                    "create": {
                      "type": "string",
                      "description_kind": "plain",
                      "optional": true
                    },
                    "delete": {
                      "type": "string",
                      "description_kind": "plain",
                      "optional": true
                    }
                  },
                  "description_kind": "plain"
                }
              }
            },
            "description_kind": "plain"
          }
        },
        "flexibleengine_vpcep_service": {
          "version": 0,
          "block": {
            "attributes": {
              "approval": {
                "type": "bool",
                "description_kind": "plain",
                "optional": true,
                "computed": true
              },
              "connections": {
                "type": [
                  "list",
                  [
                    "object",
                    {
                      "domain_id": "string",
                      "endpoint_id": "string",
                      "packet_id": "number",
                      "status": "string"
                    }
                  ]
                ],
                "description_kind": "plain",
                "computed": true
              },
              "id": {
                "type": "string",
                "description_kind": "plain",
                "optional": true,
                "computed": true
              },
              "name": {
                "type": "string",
                "description_kind": "plain",
                "optional": true
              },
              "permissions": {
                "type": [
                  "set",
                  "string"
                ],
                "description_kind": "plain",
                "optional": true
              },
              "port_id": {
                "type": "string",
                "description_kind": "plain",
                "required": true
              },
              "region": {
                "type": "string",
                "description_kind": "plain",
                "optional": true,
                "computed": true
              },
              "server_type": {
                "type": "string",
                "description_kind": "plain",
                "required": true
              },
              "service_name": {
                "type": "string",
                "description_kind": "plain",
                "computed": true
              },
              "service_type": {
                "type": "string",
                "description_kind": "plain",
                "optional": true
              },
              "status": {
                "type": "string",
                "description_kind": "plain",
                "computed": true
              },
              "tags": {
                "type": [
                  "map",
                  "string"
                ],
                "description_kind": "plain",
                "optional": true
              },
              "vpc_id": {
                "type": "string",
                "description_kind": "plain",
                "required": true
              }
            },
            "block_types": {
              "port_mapping": {
                "nesting_mode": "list",
                "block": {
                  "attributes": {
                    "protocol": {
                      "type": "string",
                      "description_kind": "plain",
                      "optional": true
                    },
                    "service_port": {
                      "type": "number",
                      "description_kind": "plain",
                      "optional": true
                    },
                    "terminal_port": {
                      "type": "number",
                      "description_kind": "plain",
                      "optional": true
                    }
                  },
                  "description_kind": "plain"
                },
                "min_items": 1
              },
              "timeouts": {
                "nesting_mode": "single",
                "block": {
                  "attributes": {
                    "create": {
                      "type": "string",
                      "description_kind": "plain",
                      "optional": true
                    },
                    "delete": {
                      "type": "string",
                      "description_kind": "plain",
                      "optional": true
                    }
                  },
                  "description_kind": "plain"
                }
              }
            },
            "description_kind": "plain"
          }
        },
        "flexibleengine_waf_certificate": {
          "version": 0,
          "block": {
            "attributes": {
              "certificate": {
                "type": "string",
                "description_kind": "plain",
                "required": true
              },
              "expiration": {
                "type": "string",
                "description_kind": "plain",
                "computed": true
              },
              "id": {
                "type": "string",
                "description_kind": "plain",
                "optional": true,
                "computed": true
              },
              "name": {
                "type": "string",
                "description_kind": "plain",
                "required": true
              },
              "private_key": {
                "type": "string",
                "description_kind": "plain",
                "required": true
              },
              "region": {
                "type": "string",
                "description_kind": "plain",
                "optional": true,
                "computed": true
              }
            },
            "block_types": {
              "timeouts": {
                "nesting_mode": "single",
                "block": {
                  "attributes": {
                    "create": {
                      "type": "string",
                      "description_kind": "plain",
                      "optional": true
                    },
                    "delete": {
                      "type": "string",
                      "description_kind": "plain",
                      "optional": true
                    }
                  },
                  "description_kind": "plain"
                }
              }
            },
            "description_kind": "plain"
          }
        },
        "flexibleengine_waf_dedicated_certificate": {
          "version": 0,
          "block": {
            "attributes": {
              "certificate": {
                "type": "string",
                "description_kind": "plain",
                "required": true
              },
              "expiration": {
                "type": "string",
                "description_kind": "plain",
                "computed": true
              },
              "id": {
                "type": "string",
                "description_kind": "plain",
                "optional": true,
                "computed": true
              },
              "name": {
                "type": "string",
                "description_kind": "plain",
                "required": true
              },
              "private_key": {
                "type": "string",
                "description_kind": "plain",
                "required": true
              },
              "region": {
                "type": "string",
                "description_kind": "plain",
                "optional": true,
                "computed": true
              }
            },
            "block_types": {
              "timeouts": {
                "nesting_mode": "single",
                "block": {
                  "attributes": {
                    "create": {
                      "type": "string",
                      "description_kind": "plain",
                      "optional": true
                    },
                    "delete": {
                      "type": "string",
                      "description_kind": "plain",
                      "optional": true
                    }
                  },
                  "description_kind": "plain"
                }
              }
            },
            "description_kind": "plain"
          }
        },
        "flexibleengine_waf_dedicated_domain": {
          "version": 0,
          "block": {
            "attributes": {
              "access_status": {
                "type": "number",
                "description_kind": "plain",
                "computed": true
              },
              "alarm_page": {
                "type": [
                  "map",
                  "string"
                ],
                "description_kind": "plain",
                "computed": true
              },
              "certificate_id": {
                "type": "string",
                "description_kind": "plain",
                "optional": true
              },
              "certificate_name": {
                "type": "string",
                "description_kind": "plain",
                "computed": true
              },
              "cipher": {
                "type": "string",
                "description_kind": "plain",
                "optional": true,
                "computed": true
              },
              "compliance_certification": {
                "type": [
                  "map",
                  "bool"
                ],
                "description_kind": "plain",
                "computed": true
              },
              "domain": {
                "type": "string",
                "description_kind": "plain",
                "required": true
              },
              "id": {
                "type": "string",
                "description_kind": "plain",
                "optional": true,
                "computed": true
              },
              "keep_policy": {
                "type": "bool",
                "description_kind": "plain",
                "optional": true
              },
              "pci_3ds": {
                "type": "bool",
                "description_kind": "plain",
                "optional": true,
                "computed": true
              },
              "pci_dss": {
                "type": "bool",
                "description_kind": "plain",
                "optional": true,
                "computed": true
              },
              "policy_id": {
                "type": "string",
                "description_kind": "plain",
                "optional": true,
                "computed": true
              },
              "protect_status": {
                "type": "number",
                "description_kind": "plain",
                "optional": true,
                "computed": true
              },
              "protocol": {
                "type": "string",
                "description_kind": "plain",
                "computed": true
              },
              "proxy": {
                "type": "bool",
                "description_kind": "plain",
                "optional": true
              },
              "region": {
                "type": "string",
                "description_kind": "plain",
                "optional": true,
                "computed": true
              },
              "tls": {
                "type": "string",
                "description_kind": "plain",
                "optional": true,
                "computed": true
              },
              "traffic_identifier": {
                "type": [
                  "map",
                  "string"
                ],
                "description_kind": "plain",
                "computed": true
              }
            },
            "block_types": {
              "server": {
                "nesting_mode": "list",
                "block": {
                  "attributes": {
                    "address": {
                      "type": "string",
                      "description_kind": "plain",
                      "required": true
                    },
                    "client_protocol": {
                      "type": "string",
                      "description_kind": "plain",
                      "required": true
                    },
                    "port": {
                      "type": "number",
                      "description_kind": "plain",
                      "required": true
                    },
                    "server_protocol": {
                      "type": "string",
                      "description_kind": "plain",
                      "required": true
                    },
                    "type": {
                      "type": "string",
                      "description_kind": "plain",
                      "required": true
                    },
                    "vpc_id": {
                      "type": "string",
                      "description_kind": "plain",
                      "required": true
                    }
                  },
                  "description_kind": "plain"
                },
                "min_items": 1,
                "max_items": 80
              }
            },
            "description_kind": "plain"
          }
        },
        "flexibleengine_waf_dedicated_instance": {
          "version": 0,
          "block": {
            "attributes": {
              "access_status": {
                "type": "number",
                "description_kind": "plain",
                "computed": true
              },
              "available_zone": {
                "type": "string",
                "description_kind": "plain",
                "required": true
              },
              "cpu_architecture": {
                "type": "string",
                "description_kind": "plain",
                "optional": true
              },
              "ecs_flavor": {
                "type": "string",
                "description_kind": "plain",
                "required": true
              },
              "group_id": {
                "type": "string",
                "description_kind": "plain",
                "optional": true
              },
              "id": {
                "type": "string",
                "description_kind": "plain",
                "optional": true,
                "computed": true
              },
              "name": {
                "type": "string",
                "description_kind": "plain",
                "required": true
              },
              "region": {
                "type": "string",
                "description_kind": "plain",
                "optional": true,
                "computed": true
              },
              "run_status": {
                "type": "number",
                "description_kind": "plain",
                "computed": true
              },
              "security_group": {
                "type": [
                  "list",
                  "string"
                ],
                "description_kind": "plain",
                "required": true
              },
              "server_id": {
                "type": "string",
                "description_kind": "plain",
                "computed": true
              },
              "service_ip": {
                "type": "string",
                "description_kind": "plain",
                "computed": true
              },
              "specification_code": {
                "type": "string",
                "description_kind": "plain",
                "required": true
              },
              "subnet_id": {
                "type": "string",
                "description_kind": "plain",
                "required": true
              },
              "upgradable": {
                "type": "number",
                "description_kind": "plain",
                "computed": true
              },
              "vpc_id": {
                "type": "string",
                "description_kind": "plain",
                "required": true
              }
            },
            "block_types": {
              "timeouts": {
                "nesting_mode": "single",
                "block": {
                  "attributes": {
                    "create": {
                      "type": "string",
                      "description_kind": "plain",
                      "optional": true
                    },
                    "delete": {
                      "type": "string",
                      "description_kind": "plain",
                      "optional": true
                    }
                  },
                  "description_kind": "plain"
                }
              }
            },
            "description_kind": "plain"
          }
        },
        "flexibleengine_waf_dedicated_policy": {
          "version": 0,
          "block": {
            "attributes": {
              "full_detection": {
                "type": "bool",
                "description_kind": "plain",
                "computed": true
              },
              "id": {
                "type": "string",
                "description_kind": "plain",
                "optional": true,
                "computed": true
              },
              "level": {
                "type": "number",
                "description_kind": "plain",
                "optional": true,
                "computed": true
              },
              "name": {
                "type": "string",
                "description_kind": "plain",
                "required": true
              },
              "options": {
                "type": [
                  "list",
                  [
                    "object",
                    {
                      "basic_web_protection": "bool",
                      "blacklist": "bool",
                      "cc_attack_protection": "bool",
                      "crawler": "bool",
                      "crawler_engine": "bool",
                      "crawler_other": "bool",
                      "crawler_scanner": "bool",
                      "crawler_script": "bool",
                      "data_masking": "bool",
                      "false_alarm_masking": "bool",
                      "general_check": "bool",
                      "precise_protection": "bool",
                      "web_tamper_protection": "bool",
                      "webshell": "bool"
                    }
                  ]
                ],
                "description_kind": "plain",
                "computed": true
              },
              "protection_mode": {
                "type": "string",
                "description_kind": "plain",
                "optional": true,
                "computed": true
              },
              "region": {
                "type": "string",
                "description_kind": "plain",
                "optional": true,
                "computed": true
              }
            },
            "block_types": {
              "timeouts": {
                "nesting_mode": "single",
                "block": {
                  "attributes": {
                    "create": {
                      "type": "string",
                      "description_kind": "plain",
                      "optional": true
                    },
                    "delete": {
                      "type": "string",
                      "description_kind": "plain",
                      "optional": true
                    }
                  },
                  "description_kind": "plain"
                }
              }
            },
            "description_kind": "plain"
          }
        },
        "flexibleengine_waf_domain": {
          "version": 0,
          "block": {
            "attributes": {
              "access_status": {
                "type": "number",
                "description_kind": "plain",
                "computed": true
              },
              "certificate_id": {
                "type": "string",
                "description_kind": "plain",
                "optional": true
              },
              "cname": {
                "type": "string",
                "description_kind": "plain",
                "computed": true
              },
              "domain": {
                "type": "string",
                "description_kind": "plain",
                "required": true
              },
              "id": {
                "type": "string",
                "description_kind": "plain",
                "optional": true,
                "computed": true
              },
              "keep_policy": {
                "type": "bool",
                "description_kind": "plain",
                "optional": true
              },
              "policy_id": {
                "type": "string",
                "description_kind": "plain",
                "optional": true,
                "computed": true
              },
              "protect_status": {
                "type": "number",
                "description_kind": "plain",
                "computed": true
              },
              "protocol": {
                "type": "string",
                "description_kind": "plain",
                "computed": true
              },
              "proxy": {
                "type": "bool",
                "description_kind": "plain",
                "optional": true
              },
              "region": {
                "type": "string",
                "description_kind": "plain",
                "optional": true,
                "computed": true
              },
              "sip_header_list": {
                "type": [
                  "list",
                  "string"
                ],
                "description_kind": "plain",
                "optional": true
              },
              "sip_header_name": {
                "type": "string",
                "description_kind": "plain",
                "optional": true
              },
              "sub_domain": {
                "type": "string",
                "description_kind": "plain",
                "computed": true
              },
              "txt_code": {
                "type": "string",
                "description_kind": "plain",
                "computed": true
              }
            },
            "block_types": {
              "server": {
                "nesting_mode": "list",
                "block": {
                  "attributes": {
                    "address": {
                      "type": "string",
                      "description_kind": "plain",
                      "required": true
                    },
                    "client_protocol": {
                      "type": "string",
                      "description_kind": "plain",
                      "optional": true,
                      "computed": true
                    },
                    "port": {
                      "type": "number",
                      "description_kind": "plain",
                      "required": true
                    },
                    "server_protocol": {
                      "type": "string",
                      "description_kind": "plain",
                      "optional": true,
                      "computed": true
                    }
                  },
                  "description_kind": "plain"
                },
                "min_items": 1
              },
              "timeouts": {
                "nesting_mode": "single",
                "block": {
                  "attributes": {
                    "create": {
                      "type": "string",
                      "description_kind": "plain",
                      "optional": true
                    },
                    "delete": {
                      "type": "string",
                      "description_kind": "plain",
                      "optional": true
                    }
                  },
                  "description_kind": "plain"
                }
              }
            },
            "description_kind": "plain"
          }
        },
        "flexibleengine_waf_policy": {
          "version": 0,
          "block": {
            "attributes": {
              "domains": {
                "type": [
                  "list",
                  "string"
                ],
                "description_kind": "plain",
                "optional": true,
                "computed": true
              },
              "full_detection": {
                "type": "bool",
                "description_kind": "plain",
                "optional": true
              },
              "id": {
                "type": "string",
                "description_kind": "plain",
                "optional": true,
                "computed": true
              },
              "level": {
                "type": "number",
                "description_kind": "plain",
                "optional": true
              },
              "name": {
                "type": "string",
                "description_kind": "plain",
                "required": true
              },
              "protection_mode": {
                "type": "string",
                "description_kind": "plain",
                "optional": true
              },
              "region": {
                "type": "string",
                "description_kind": "plain",
                "optional": true,
                "computed": true
              }
            },
            "block_types": {
              "protection_status": {
                "nesting_mode": "list",
                "block": {
                  "attributes": {
                    "basic_web_protection": {
                      "type": "bool",
                      "description_kind": "plain",
                      "optional": true,
                      "computed": true
                    },
                    "blacklist": {
                      "type": "bool",
                      "description_kind": "plain",
                      "optional": true,
                      "computed": true
                    },
                    "cc_protection": {
                      "type": "bool",
                      "description_kind": "plain",
                      "optional": true,
                      "computed": true
                    },
                    "crawler_engine": {
                      "type": "bool",
                      "description_kind": "plain",
                      "optional": true,
                      "computed": true
                    },
                    "crawler_other": {
                      "type": "bool",
                      "description_kind": "plain",
                      "optional": true,
                      "computed": true
                    },
                    "crawler_scanner": {
                      "type": "bool",
                      "description_kind": "plain",
                      "optional": true,
                      "computed": true
                    },
                    "crawler_script": {
                      "type": "bool",
                      "description_kind": "plain",
                      "optional": true,
                      "computed": true
                    },
                    "data_masking": {
                      "type": "bool",
                      "description_kind": "plain",
                      "optional": true,
                      "computed": true
                    },
                    "false_alarm_masking": {
                      "type": "bool",
                      "description_kind": "plain",
                      "optional": true,
                      "computed": true
                    },
                    "general_check": {
                      "type": "bool",
                      "description_kind": "plain",
                      "optional": true,
                      "computed": true
                    },
                    "precise_protection": {
                      "type": "bool",
                      "description_kind": "plain",
                      "optional": true,
                      "computed": true
                    },
                    "web_tamper_protection": {
                      "type": "bool",
                      "description_kind": "plain",
                      "optional": true,
                      "computed": true
                    },
                    "webshell": {
                      "type": "bool",
                      "description_kind": "plain",
                      "optional": true,
                      "computed": true
                    }
                  },
                  "description_kind": "plain"
                },
                "max_items": 1
              },
              "timeouts": {
                "nesting_mode": "single",
                "block": {
                  "attributes": {
                    "create": {
                      "type": "string",
                      "description_kind": "plain",
                      "optional": true
                    },
                    "delete": {
                      "type": "string",
                      "description_kind": "plain",
                      "optional": true
                    }
                  },
                  "description_kind": "plain"
                }
              }
            },
            "description_kind": "plain"
          }
        },
        "flexibleengine_waf_rule_alarm_masking": {
          "version": 0,
          "block": {
            "attributes": {
              "event_id": {
                "type": "string",
                "description_kind": "plain",
                "required": true
              },
              "event_type": {
                "type": "string",
                "description_kind": "plain",
                "computed": true
              },
              "id": {
                "type": "string",
                "description_kind": "plain",
                "optional": true,
                "computed": true
              },
              "path": {
                "type": "string",
                "description_kind": "plain",
                "required": true
              },
              "policy_id": {
                "type": "string",
                "description_kind": "plain",
                "required": true
              }
            },
            "description_kind": "plain"
          }
        },
        "flexibleengine_waf_rule_blacklist": {
          "version": 0,
          "block": {
            "attributes": {
              "action": {
                "type": "number",
                "description_kind": "plain",
                "optional": true
              },
              "address": {
                "type": "string",
                "description_kind": "plain",
                "required": true
              },
              "id": {
                "type": "string",
                "description_kind": "plain",
                "optional": true,
                "computed": true
              },
              "policy_id": {
                "type": "string",
                "description_kind": "plain",
                "required": true
              }
            },
            "description_kind": "plain"
          }
        },
        "flexibleengine_waf_rule_cc_protection": {
          "version": 0,
          "block": {
            "attributes": {
              "action": {
                "type": "string",
                "description_kind": "plain",
                "required": true
              },
              "block_page_content": {
                "type": "string",
                "description_kind": "plain",
                "optional": true
              },
              "block_page_type": {
                "type": "string",
                "description_kind": "plain",
                "optional": true
              },
              "block_time": {
                "type": "number",
                "description_kind": "plain",
                "optional": true
              },
              "content": {
                "type": "string",
                "description_kind": "plain",
                "optional": true
              },
              "cookie": {
                "type": "string",
                "description_kind": "plain",
                "optional": true
              },
              "id": {
                "type": "string",
                "description_kind": "plain",
                "optional": true,
                "computed": true
              },
              "limit_num": {
                "type": "number",
                "description_kind": "plain",
                "required": true
              },
              "limit_period": {
                "type": "number",
                "description_kind": "plain",
                "required": true
              },
              "mode": {
                "type": "string",
                "description_kind": "plain",
                "required": true
              },
              "path": {
                "type": "string",
                "description_kind": "plain",
                "required": true
              },
              "policy_id": {
                "type": "string",
                "description_kind": "plain",
                "required": true
              }
            },
            "description_kind": "plain"
          }
        },
        "flexibleengine_waf_rule_data_masking": {
          "version": 0,
          "block": {
            "attributes": {
              "field": {
                "type": "string",
                "description_kind": "plain",
                "required": true
              },
              "id": {
                "type": "string",
                "description_kind": "plain",
                "optional": true,
                "computed": true
              },
              "path": {
                "type": "string",
                "description_kind": "plain",
                "required": true
              },
              "policy_id": {
                "type": "string",
                "description_kind": "plain",
                "required": true
              },
              "subfield": {
                "type": "string",
                "description_kind": "plain",
                "required": true
              }
            },
            "description_kind": "plain"
          }
        },
        "flexibleengine_waf_rule_precise_protection": {
          "version": 0,
          "block": {
            "attributes": {
              "action": {
                "type": "string",
                "description_kind": "plain",
                "optional": true
              },
              "end_time": {
                "type": "string",
                "description_kind": "plain",
                "optional": true
              },
              "id": {
                "type": "string",
                "description_kind": "plain",
                "optional": true,
                "computed": true
              },
              "name": {
                "type": "string",
                "description_kind": "plain",
                "required": true
              },
              "policy_id": {
                "type": "string",
                "description_kind": "plain",
                "required": true
              },
              "priority": {
                "type": "number",
                "description_kind": "plain",
                "required": true
              },
              "start_time": {
                "type": "string",
                "description_kind": "plain",
                "optional": true
              }
            },
            "block_types": {
              "conditions": {
                "nesting_mode": "list",
                "block": {
                  "attributes": {
                    "content": {
                      "type": "string",
                      "description_kind": "plain",
                      "required": true
                    },
                    "field": {
                      "type": "string",
                      "description_kind": "plain",
                      "required": true
                    },
                    "logic": {
                      "type": "string",
                      "description_kind": "plain",
                      "required": true
                    },
                    "subfield": {
                      "type": "string",
                      "description_kind": "plain",
                      "optional": true
                    }
                  },
                  "description_kind": "plain"
                },
                "min_items": 1,
                "max_items": 30
              }
            },
            "description_kind": "plain"
          }
        },
        "flexibleengine_waf_rule_web_tamper_protection": {
          "version": 0,
          "block": {
            "attributes": {
              "domain": {
                "type": "string",
                "description_kind": "plain",
                "required": true
              },
              "id": {
                "type": "string",
                "description_kind": "plain",
                "optional": true,
                "computed": true
              },
              "path": {
                "type": "string",
                "description_kind": "plain",
                "required": true
              },
              "policy_id": {
                "type": "string",
                "description_kind": "plain",
                "required": true
              }
            },
            "description_kind": "plain"
          }
        }
      },
      "data_source_schemas": {
        "flexibleengine_apig_environments": {
          "version": 0,
          "block": {
            "attributes": {
              "environments": {
                "type": [
                  "list",
                  [
                    "object",
                    {
                      "create_time": "string",
                      "description": "string",
                      "id": "string",
                      "name": "string"
                    }
                  ]
                ],
                "description_kind": "plain",
                "computed": true
              },
              "id": {
                "type": "string",
                "description_kind": "plain",
                "optional": true,
                "computed": true
              },
              "instance_id": {
                "type": "string",
                "description_kind": "plain",
                "required": true
              },
              "name": {
                "type": "string",
                "description_kind": "plain",
                "optional": true
              },
              "region": {
                "type": "string",
                "description_kind": "plain",
                "optional": true
              }
            },
            "description_kind": "plain"
          }
        },
        "flexibleengine_availability_zones": {
          "version": 0,
          "block": {
            "attributes": {
              "id": {
                "type": "string",
                "description_kind": "plain",
                "optional": true,
                "computed": true
              },
              "names": {
                "type": [
                  "list",
                  "string"
                ],
                "description_kind": "plain",
                "computed": true
              },
              "region": {
                "type": "string",
                "description_kind": "plain",
                "optional": true,
                "computed": true
              },
              "state": {
                "type": "string",
                "description_kind": "plain",
                "optional": true
              }
            },
            "description_kind": "plain"
          }
        },
        "flexibleengine_blockstorage_availability_zones_v3": {
          "version": 0,
          "block": {
            "attributes": {
              "id": {
                "type": "string",
                "description_kind": "plain",
                "optional": true,
                "computed": true
              },
              "names": {
                "type": [
                  "list",
                  "string"
                ],
                "description_kind": "plain",
                "computed": true
              },
              "region": {
                "type": "string",
                "description_kind": "plain",
                "optional": true,
                "computed": true
              },
              "state": {
                "type": "string",
                "description_kind": "plain",
                "optional": true
              }
            },
            "description_kind": "plain",
            "deprecated": true
          }
        },
        "flexibleengine_blockstorage_volume_v2": {
          "version": 0,
          "block": {
            "attributes": {
              "id": {
                "type": "string",
                "description_kind": "plain",
                "optional": true,
                "computed": true
              },
              "name": {
                "type": "string",
                "description_kind": "plain",
                "optional": true
              },
              "region": {
                "type": "string",
                "description_kind": "plain",
                "optional": true,
                "computed": true
              },
              "status": {
                "type": "string",
                "description_kind": "plain",
                "optional": true
              }
            },
            "description_kind": "plain"
          }
        },
        "flexibleengine_cbr_vaults": {
          "version": 0,
          "block": {
            "attributes": {
              "auto_expand_enabled": {
                "type": "bool",
                "description_kind": "plain",
                "optional": true
              },
              "consistent_level": {
                "type": "string",
                "description_kind": "plain",
                "optional": true
              },
              "enterprise_project_id": {
                "type": "string",
                "description_kind": "plain",
                "optional": true
              },
              "id": {
                "type": "string",
                "description_kind": "plain",
                "optional": true,
                "computed": true
              },
              "name": {
                "type": "string",
                "description_kind": "plain",
                "optional": true
              },
              "policy_id": {
                "type": "string",
                "description_kind": "plain",
                "optional": true
              },
              "protection_type": {
                "type": "string",
                "description_kind": "plain",
                "optional": true
              },
              "region": {
                "type": "string",
                "description_kind": "plain",
                "optional": true
              },
              "size": {
                "type": "number",
                "description_kind": "plain",
                "optional": true
              },
              "status": {
                "type": "string",
                "description_kind": "plain",
                "optional": true
              },
              "type": {
                "type": "string",
                "description_kind": "plain",
                "optional": true
              }
            },
            "block_types": {
              "vaults": {
                "nesting_mode": "list",
                "block": {
                  "attributes": {
                    "allocated": {
                      "type": "number",
                      "description_kind": "plain",
                      "computed": true
                    },
                    "auto_expand_enabled": {
                      "type": "bool",
                      "description_kind": "plain",
                      "computed": true
                    },
                    "consistent_level": {
                      "type": "string",
                      "description_kind": "plain",
                      "computed": true
                    },
                    "enterprise_project_id": {
                      "type": "string",
                      "description_kind": "plain",
                      "computed": true
                    },
                    "id": {
                      "type": "string",
                      "description_kind": "plain",
                      "computed": true
                    },
                    "name": {
                      "type": "string",
                      "description_kind": "plain",
                      "computed": true
                    },
                    "policy_id": {
                      "type": "string",
                      "description_kind": "plain",
                      "computed": true
                    },
                    "protection_type": {
                      "type": "string",
                      "description_kind": "plain",
                      "computed": true
                    },
                    "resources": {
                      "type": [
                        "list",
                        [
                          "object",
                          {
                            "excludes": [
                              "list",
                              "string"
                            ],
                            "includes": [
                              "list",
                              "string"
                            ],
                            "server_id": "string"
                          }
                        ]
                      ],
                      "description_kind": "plain",
                      "computed": true
                    },
                    "size": {
                      "type": "number",
                      "description_kind": "plain",
                      "computed": true
                    },
                    "spec_code": {
                      "type": "string",
                      "description_kind": "plain",
                      "computed": true
                    },
                    "status": {
                      "type": "string",
                      "description_kind": "plain",
                      "computed": true
                    },
                    "storage": {
                      "type": "string",
                      "description_kind": "plain",
                      "computed": true
                    },
                    "tags": {
                      "type": [
                        "map",
                        "string"
                      ],
                      "description_kind": "plain",
                      "computed": true
                    },
                    "type": {
                      "type": "string",
                      "description_kind": "plain",
                      "computed": true
                    },
                    "used": {
                      "type": "number",
                      "description_kind": "plain",
                      "computed": true
                    }
                  },
                  "description_kind": "plain"
                }
              }
            },
            "description_kind": "plain"
          }
        },
        "flexibleengine_cce_addon_template": {
          "version": 0,
          "block": {
            "attributes": {
              "cluster_id": {
                "type": "string",
                "description_kind": "plain",
                "required": true
              },
              "description": {
                "type": "string",
                "description_kind": "plain",
                "computed": true
              },
              "id": {
                "type": "string",
                "description_kind": "plain",
                "optional": true,
                "computed": true
              },
              "name": {
                "type": "string",
                "description_kind": "plain",
                "required": true
              },
              "region": {
                "type": "string",
                "description_kind": "plain",
                "optional": true,
                "computed": true
              },
              "spec": {
                "type": "string",
                "description_kind": "plain",
                "computed": true
              },
              "stable": {
                "type": "bool",
                "description_kind": "plain",
                "computed": true
              },
              "support_version": {
                "type": [
                  "list",
                  [
                    "object",
                    {
                      "bare_metal": [
                        "set",
                        "string"
                      ],
                      "virtual_machine": [
                        "set",
                        "string"
                      ]
                    }
                  ]
                ],
                "description_kind": "plain",
                "computed": true
              },
              "version": {
                "type": "string",
                "description_kind": "plain",
                "required": true
              }
            },
            "description_kind": "plain"
          }
        },
        "flexibleengine_cce_cluster_v3": {
          "version": 0,
          "block": {
            "attributes": {
              "authentication_mode": {
                "type": "string",
                "description_kind": "plain",
                "computed": true
              },
              "billing_mode": {
                "type": "number",
                "description_kind": "plain",
                "computed": true
              },
              "cluster_type": {
                "type": "string",
                "description_kind": "plain",
                "optional": true
              },
              "cluster_version": {
                "type": "string",
                "description_kind": "plain",
                "computed": true
              },
              "container_network_cidr": {
                "type": "string",
                "description_kind": "plain",
                "computed": true
              },
              "container_network_type": {
                "type": "string",
                "description_kind": "plain",
                "computed": true
              },
              "description": {
                "type": "string",
                "description_kind": "plain",
                "computed": true
              },
              "external_apig_endpoint": {
                "type": "string",
                "description_kind": "plain",
                "computed": true
              },
              "external_endpoint": {
                "type": "string",
                "description_kind": "plain",
                "computed": true
              },
              "flavor_id": {
                "type": "string",
                "description_kind": "plain",
                "computed": true
              },
              "highway_subnet_id": {
                "type": "string",
                "description_kind": "plain",
                "computed": true
              },
              "id": {
                "type": "string",
                "description_kind": "plain",
                "optional": true
              },
              "internal_endpoint": {
                "type": "string",
                "description_kind": "plain",
                "computed": true
              },
              "masters": {
                "type": [
                  "list",
                  [
                    "object",
                    {
                      "availability_zone": "string"
                    }
                  ]
                ],
                "description_kind": "plain",
                "computed": true
              },
              "name": {
                "type": "string",
                "description_kind": "plain",
                "optional": true
              },
              "region": {
                "type": "string",
                "description_kind": "plain",
                "optional": true,
                "computed": true
              },
              "security_group_id": {
                "type": "string",
                "description_kind": "plain",
                "computed": true
              },
              "service_network_cidr": {
                "type": "string",
                "description_kind": "plain",
                "computed": true
              },
              "status": {
                "type": "string",
                "description_kind": "plain",
                "optional": true
              },
              "subnet_id": {
                "type": "string",
                "description_kind": "plain",
                "computed": true
              },
              "vpc_id": {
                "type": "string",
                "description_kind": "plain",
                "optional": true
              }
            },
            "description_kind": "plain"
          }
        },
        "flexibleengine_cce_clusters": {
          "version": 0,
          "block": {
            "attributes": {
              "cluster_id": {
                "type": "string",
                "description_kind": "plain",
                "optional": true
              },
              "cluster_type": {
                "type": "string",
                "description_kind": "plain",
                "optional": true
              },
              "clusters": {
                "type": [
                  "list",
                  [
                    "object",
                    {
                      "authentication_mode": "string",
                      "billing_mode": "number",
                      "certificate_clusters": [
                        "list",
                        [
                          "object",
                          {
                            "certificate_authority_data": "string",
                            "name": "string",
                            "server": "string"
                          }
                        ]
                      ],
                      "certificate_users": [
                        "list",
                        [
                          "object",
                          {
                            "client_certificate_data": "string",
                            "client_key_data": "string",
                            "name": "string"
                          }
                        ]
                      ],
                      "cluster_type": "string",
                      "cluster_version": "string",
                      "container_network_cidr": "string",
                      "container_network_type": "string",
                      "description": "string",
                      "endpoints": [
                        "set",
                        [
                          "object",
                          {
                            "type": "string",
                            "url": "string"
                          }
                        ]
                      ],
                      "eni_subnet_cidr": "string",
                      "eni_subnet_id": "string",
                      "enterprise_project_id": "string",
                      "flavor_id": "string",
                      "id": "string",
                      "kube_config_raw": "string",
                      "masters": [
                        "list",
                        [
                          "object",
                          {
                            "availability_zone": "string"
                          }
                        ]
                      ],
                      "name": "string",
                      "security_group_id": "string",
                      "service_network_cidr": "string",
                      "status": "string",
                      "subnet_id": "string",
                      "vpc_id": "string"
                    }
                  ]
                ],
                "description_kind": "plain",
                "computed": true
              },
              "enterprise_project_id": {
                "type": "string",
                "description_kind": "plain",
                "optional": true
              },
              "id": {
                "type": "string",
                "description_kind": "plain",
                "optional": true,
                "computed": true
              },
              "ids": {
                "type": [
                  "list",
                  "string"
                ],
                "description_kind": "plain",
                "computed": true
              },
              "name": {
                "type": "string",
                "description_kind": "plain",
                "optional": true
              },
              "region": {
                "type": "string",
                "description_kind": "plain",
                "optional": true,
                "computed": true
              },
              "status": {
                "type": "string",
                "description_kind": "plain",
                "optional": true
              },
              "vpc_id": {
                "type": "string",
                "description_kind": "plain",
                "optional": true
              }
            },
            "description_kind": "plain"
          }
        },
        "flexibleengine_cce_node_ids_v3": {
          "version": 0,
          "block": {
            "attributes": {
              "cluster_id": {
                "type": "string",
                "description_kind": "plain",
                "required": true
              },
              "id": {
                "type": "string",
                "description_kind": "plain",
                "optional": true,
                "computed": true
              },
              "ids": {
                "type": [
                  "set",
                  "string"
                ],
                "description_kind": "plain",
                "computed": true
              },
              "region": {
                "type": "string",
                "description_kind": "plain",
                "optional": true,
                "computed": true
              }
            },
            "description_kind": "plain"
          }
        },
        "flexibleengine_cce_node_v3": {
          "version": 0,
          "block": {
            "attributes": {
              "availability_zone": {
                "type": "string",
                "description_kind": "plain",
                "computed": true
              },
              "bandwidth_size": {
                "type": "number",
                "description_kind": "plain",
                "computed": true
              },
              "billing_mode": {
                "type": "number",
                "description_kind": "plain",
                "computed": true
              },
              "charge_mode": {
                "type": "string",
                "description_kind": "plain",
                "computed": true
              },
              "cluster_id": {
                "type": "string",
                "description_kind": "plain",
                "required": true
              },
              "data_volumes": {
                "type": [
                  "list",
                  [
                    "object",
                    {
                      "disk_size": "number",
                      "volume_type": "string"
                    }
                  ]
                ],
                "description_kind": "plain",
                "computed": true
              },
              "disk_size": {
                "type": "number",
                "description_kind": "plain",
                "computed": true
              },
              "eip_ids": {
                "type": [
                  "set",
                  "string"
                ],
                "description_kind": "plain",
                "computed": true
              },
              "flavor_id": {
                "type": "string",
                "description_kind": "plain",
                "computed": true
              },
              "id": {
                "type": "string",
                "description_kind": "plain",
                "optional": true,
                "computed": true
              },
              "ip_type": {
                "type": "string",
                "description_kind": "plain",
                "computed": true
              },
              "key_pair": {
                "type": "string",
                "description_kind": "plain",
                "computed": true
              },
              "name": {
                "type": "string",
                "description_kind": "plain",
                "optional": true
              },
              "node_id": {
                "type": "string",
                "description_kind": "plain",
                "optional": true
              },
              "private_ip": {
                "type": "string",
                "description_kind": "plain",
                "computed": true
              },
              "public_ip": {
                "type": "string",
                "description_kind": "plain",
                "computed": true
              },
              "region": {
                "type": "string",
                "description_kind": "plain",
                "optional": true,
                "computed": true
              },
              "server_id": {
                "type": "string",
                "description_kind": "plain",
                "computed": true
              },
              "share_type": {
                "type": "string",
                "description_kind": "plain",
                "computed": true
              },
              "status": {
                "type": "string",
                "description_kind": "plain",
                "optional": true
              },
              "volume_type": {
                "type": "string",
                "description_kind": "plain",
                "computed": true
              }
            },
            "description_kind": "plain"
          }
        },
        "flexibleengine_compute_availability_zones_v2": {
          "version": 0,
          "block": {
            "attributes": {
              "id": {
                "type": "string",
                "description_kind": "plain",
                "optional": true,
                "computed": true
              },
              "names": {
                "type": [
                  "list",
                  "string"
                ],
                "description_kind": "plain",
                "computed": true
              },
              "region": {
                "type": "string",
                "description_kind": "plain",
                "optional": true,
                "computed": true
              },
              "state": {
                "type": "string",
                "description_kind": "plain",
                "optional": true
              }
            },
            "description_kind": "plain"
          }
        },
        "flexibleengine_compute_bms_flavors_v2": {
          "version": 0,
          "block": {
            "attributes": {
              "disk": {
                "type": "number",
                "description_kind": "plain",
                "computed": true
              },
              "id": {
                "type": "string",
                "description_kind": "plain",
                "optional": true
              },
              "min_disk": {
                "type": "number",
                "description_kind": "plain",
                "optional": true
              },
              "min_ram": {
                "type": "number",
                "description_kind": "plain",
                "optional": true
              },
              "name": {
                "type": "string",
                "description_kind": "plain",
                "optional": true
              },
              "ram": {
                "type": "number",
                "description_kind": "plain",
                "computed": true
              },
              "region": {
                "type": "string",
                "description_kind": "plain",
                "optional": true,
                "computed": true
              },
              "rx_tx_factor": {
                "type": "number",
                "description_kind": "plain",
                "computed": true
              },
              "sort_dir": {
                "type": "string",
                "description_kind": "plain",
                "optional": true
              },
              "sort_key": {
                "type": "string",
                "description_kind": "plain",
                "optional": true
              },
              "swap": {
                "type": "number",
                "description_kind": "plain",
                "computed": true
              },
              "vcpus": {
                "type": "number",
                "description_kind": "plain",
                "optional": true
              }
            },
            "description_kind": "plain"
          }
        },
        "flexibleengine_compute_bms_keypairs_v2": {
          "version": 0,
          "block": {
            "attributes": {
              "fingerprint": {
                "type": "string",
                "description_kind": "plain",
                "computed": true
              },
              "id": {
                "type": "string",
                "description_kind": "plain",
                "optional": true,
                "computed": true
              },
              "name": {
                "type": "string",
                "description_kind": "plain",
                "required": true
              },
              "public_key": {
                "type": "string",
                "description_kind": "plain",
                "computed": true
              },
              "region": {
                "type": "string",
                "description_kind": "plain",
                "optional": true,
                "computed": true
              }
            },
            "description_kind": "plain"
          }
        },
        "flexibleengine_compute_bms_nic_v2": {
          "version": 0,
          "block": {
            "attributes": {
              "fixed_ips": {
                "type": [
                  "list",
                  [
                    "object",
                    {
                      "ip_address": "string",
                      "subnet_id": "string"
                    }
                  ]
                ],
                "description_kind": "plain",
                "computed": true
              },
              "id": {
                "type": "string",
                "description_kind": "plain",
                "optional": true
              },
              "mac_address": {
                "type": "string",
                "description_kind": "plain",
                "computed": true
              },
              "network_id": {
                "type": "string",
                "description_kind": "plain",
                "computed": true
              },
              "region": {
                "type": "string",
                "description_kind": "plain",
                "optional": true,
                "computed": true
              },
              "server_id": {
                "type": "string",
                "description_kind": "plain",
                "required": true
              },
              "status": {
                "type": "string",
                "description_kind": "plain",
                "optional": true
              }
            },
            "description_kind": "plain"
          }
        },
        "flexibleengine_compute_bms_server_v2": {
          "version": 0,
          "block": {
            "attributes": {
              "access_ip_v4": {
                "type": "string",
                "description_kind": "plain",
                "computed": true
              },
              "access_ip_v6": {
                "type": "string",
                "description_kind": "plain",
                "computed": true
              },
              "availability_zone": {
                "type": "string",
                "description_kind": "plain",
                "computed": true
              },
              "config_drive": {
                "type": "string",
                "description_kind": "plain",
                "computed": true
              },
              "description": {
                "type": "string",
                "description_kind": "plain",
                "computed": true
              },
              "flavor_id": {
                "type": "string",
                "description_kind": "plain",
                "optional": true
              },
              "host_id": {
                "type": "string",
                "description_kind": "plain",
                "computed": true
              },
              "host_status": {
                "type": "string",
                "description_kind": "plain",
                "optional": true
              },
              "hypervisor_hostname": {
                "type": "string",
                "description_kind": "plain",
                "computed": true
              },
              "id": {
                "type": "string",
                "description_kind": "plain",
                "optional": true
              },
              "image_id": {
                "type": "string",
                "description_kind": "plain",
                "optional": true
              },
              "instance_name": {
                "type": "string",
                "description_kind": "plain",
                "computed": true
              },
              "kernel_id": {
                "type": "string",
                "description_kind": "plain",
                "computed": true
              },
              "key_name": {
                "type": "string",
                "description_kind": "plain",
                "optional": true
              },
              "locked": {
                "type": "bool",
                "description_kind": "plain",
                "computed": true
              },
              "metadata": {
                "type": [
                  "map",
                  "string"
                ],
                "description_kind": "plain",
                "computed": true
              },
              "name": {
                "type": "string",
                "description_kind": "plain",
                "optional": true
              },
              "network": {
                "type": [
                  "list",
                  [
                    "object",
                    {
                      "fixed_ip_v4": "string",
                      "fixed_ip_v6": "string",
                      "mac": "string",
                      "name": "string",
                      "port": "string",
                      "uuid": "string"
                    }
                  ]
                ],
                "description_kind": "plain",
                "computed": true
              },
              "progress": {
                "type": "number",
                "description_kind": "plain",
                "computed": true
              },
              "region": {
                "type": "string",
                "description_kind": "plain",
                "optional": true,
                "computed": true
              },
              "security_groups": {
                "type": [
                  "list",
                  [
                    "object",
                    {
                      "name": "string"
                    }
                  ]
                ],
                "description_kind": "plain",
                "computed": true
              },
              "status": {
                "type": "string",
                "description_kind": "plain",
                "optional": true
              },
              "tags": {
                "type": [
                  "set",
                  "string"
                ],
                "description_kind": "plain",
                "computed": true
              },
              "tenant_id": {
                "type": "string",
                "description_kind": "plain",
                "computed": true
              },
              "user_id": {
                "type": "string",
                "description_kind": "plain",
                "optional": true
              }
            },
            "description_kind": "plain"
          }
        },
        "flexibleengine_compute_flavors_v2": {
          "version": 0,
          "block": {
            "attributes": {
              "availability_zone": {
                "type": "string",
                "description_kind": "plain",
                "optional": true
              },
              "cpu_core": {
                "type": "number",
                "description_kind": "plain",
                "optional": true
              },
              "flavors": {
                "type": [
                  "list",
                  "string"
                ],
                "description_kind": "plain",
                "computed": true
              },
              "generation": {
                "type": "string",
                "description_kind": "plain",
                "optional": true
              },
              "id": {
                "type": "string",
                "description_kind": "plain",
                "optional": true,
                "computed": true
              },
              "memory_size": {
                "type": "number",
                "description_kind": "plain",
                "optional": true
              },
              "performance_type": {
                "type": "string",
                "description_kind": "plain",
                "optional": true
              },
              "region": {
                "type": "string",
                "description_kind": "plain",
                "optional": true,
                "computed": true
              }
            },
            "description_kind": "plain"
          }
        },
        "flexibleengine_compute_instance_v2": {
          "version": 0,
          "block": {
            "attributes": {
              "availability_zone": {
                "type": "string",
                "description_kind": "plain",
                "computed": true
              },
              "block_device": {
                "type": [
                  "list",
                  [
                    "object",
                    {
                      "boot_index": "number",
                      "pci_address": "string",
                      "size": "number",
                      "type": "string",
                      "uuid": "string"
                    }
                  ]
                ],
                "description_kind": "plain",
                "computed": true
              },
              "fixed_ip_v4": {
                "type": "string",
                "description_kind": "plain",
                "optional": true
              },
              "flavor_id": {
                "type": "string",
                "description_kind": "plain",
                "optional": true,
                "computed": true
              },
              "flavor_name": {
                "type": "string",
                "description_kind": "plain",
                "computed": true
              },
              "floating_ip": {
                "type": "string",
                "description_kind": "plain",
                "computed": true
              },
              "id": {
                "type": "string",
                "description_kind": "plain",
                "optional": true,
                "computed": true
              },
              "image_id": {
                "type": "string",
                "description_kind": "plain",
                "computed": true
              },
              "image_name": {
                "type": "string",
                "description_kind": "plain",
                "computed": true
              },
              "key_pair": {
                "type": "string",
                "description_kind": "plain",
                "computed": true
              },
              "metadata": {
                "type": [
                  "map",
                  "string"
                ],
                "description_kind": "plain",
                "computed": true
              },
              "name": {
                "type": "string",
                "description_kind": "plain",
                "optional": true,
                "computed": true
              },
              "network": {
                "type": [
                  "list",
                  [
                    "object",
                    {
                      "fixed_ip_v4": "string",
                      "fixed_ip_v6": "string",
                      "mac": "string",
                      "port": "string",
                      "uuid": "string"
                    }
                  ]
                ],
                "description_kind": "plain",
                "computed": true
              },
              "region": {
                "type": "string",
                "description_kind": "plain",
                "optional": true,
                "computed": true
              },
              "security_groups": {
                "type": [
                  "set",
                  "string"
                ],
                "description_kind": "plain",
                "computed": true
              },
              "status": {
                "type": "string",
                "description_kind": "plain",
                "computed": true
              },
              "system_disk_id": {
                "type": "string",
                "description_kind": "plain",
                "computed": true
              },
              "tags": {
                "type": [
                  "map",
                  "string"
                ],
                "description_kind": "plain",
                "computed": true
              },
              "user_data": {
                "type": "string",
                "description_kind": "plain",
                "computed": true
              }
            },
            "block_types": {
              "scheduler_hints": {
                "nesting_mode": "set",
                "block": {
                  "attributes": {
                    "group": {
                      "type": "string",
                      "description_kind": "plain",
                      "computed": true
                    }
                  },
                  "description_kind": "plain"
                }
              }
            },
            "description_kind": "plain"
          }
        },
        "flexibleengine_compute_instances": {
          "version": 0,
          "block": {
            "attributes": {
              "availability_zone": {
                "type": "string",
                "description_kind": "plain",
                "optional": true
              },
              "fixed_ip_v4": {
                "type": "string",
                "description_kind": "plain",
                "optional": true
              },
              "flavor_id": {
                "type": "string",
                "description_kind": "plain",
                "optional": true,
                "computed": true
              },
              "flavor_name": {
                "type": "string",
                "description_kind": "plain",
                "optional": true
              },
              "id": {
                "type": "string",
                "description_kind": "plain",
                "optional": true,
                "computed": true
              },
              "image_id": {
                "type": "string",
                "description_kind": "plain",
                "optional": true
              },
              "instances": {
                "type": [
                  "list",
                  [
                    "object",
                    {
                      "availability_zone": "string",
                      "flavor_id": "string",
                      "flavor_name": "string",
                      "floating_ip": "string",
                      "id": "string",
                      "image_id": "string",
                      "image_name": "string",
                      "key_pair": "string",
                      "metadata": [
                        "map",
                        "string"
                      ],
                      "name": "string",
                      "network": [
                        "list",
                        [
                          "object",
                          {
                            "fixed_ip_v4": "string",
                            "fixed_ip_v6": "string",
                            "mac": "string",
                            "port": "string",
                            "uuid": "string"
                          }
                        ]
                      ],
                      "scheduler_hints": [
                        "set",
                        [
                          "object",
                          {
                            "group": "string"
                          }
                        ]
                      ],
                      "security_groups": [
                        "set",
                        "string"
                      ],
                      "status": "string",
                      "tags": [
                        "map",
                        "string"
                      ],
                      "user_data": "string",
                      "volume_attached": [
                        "list",
                        [
                          "object",
                          {
                            "is_sys_volume": "bool",
                            "volume_id": "string"
                          }
                        ]
                      ]
                    }
                  ]
                ],
                "description_kind": "plain",
                "computed": true
              },
              "key_pair": {
                "type": "string",
                "description_kind": "plain",
                "optional": true
              },
              "name": {
                "type": "string",
                "description_kind": "plain",
                "optional": true,
                "computed": true
              },
              "region": {
                "type": "string",
                "description_kind": "plain",
                "optional": true,
                "computed": true
              },
              "status": {
                "type": "string",
                "description_kind": "plain",
                "optional": true
              }
            },
            "description_kind": "plain"
          }
        },
        "flexibleengine_csbs_backup_policy_v1": {
          "version": 0,
          "block": {
            "attributes": {
              "common": {
                "type": [
                  "map",
                  "string"
                ],
                "description_kind": "plain",
                "computed": true
              },
              "description": {
                "type": "string",
                "description_kind": "plain",
                "computed": true
              },
              "id": {
                "type": "string",
                "description_kind": "plain",
                "optional": true,
                "computed": true
              },
              "name": {
                "type": "string",
                "description_kind": "plain",
                "optional": true,
                "computed": true
              },
              "provider_id": {
                "type": "string",
                "description_kind": "plain",
                "computed": true
              },
              "region": {
                "type": "string",
                "description_kind": "plain",
                "optional": true,
                "computed": true
              },
              "resource": {
                "type": [
                  "set",
                  [
                    "object",
                    {
                      "id": "string",
                      "name": "string",
                      "type": "string"
                    }
                  ]
                ],
                "description_kind": "plain",
                "computed": true
              },
              "scheduled_operation": {
                "type": [
                  "set",
                  [
                    "object",
                    {
                      "description": "string",
                      "enabled": "bool",
                      "id": "string",
                      "max_backups": "number",
                      "name": "string",
                      "operation_type": "string",
                      "permanent": "bool",
                      "retention_duration_days": "number",
                      "trigger_id": "string",
                      "trigger_name": "string",
                      "trigger_pattern": "string",
                      "trigger_type": "string"
                    }
                  ]
                ],
                "description_kind": "plain",
                "computed": true
              },
              "status": {
                "type": "string",
                "description_kind": "plain",
                "optional": true,
                "computed": true
              }
            },
            "description_kind": "plain"
          }
        },
        "flexibleengine_csbs_backup_v1": {
          "version": 0,
          "block": {
            "attributes": {
              "auto_trigger": {
                "type": "bool",
                "description_kind": "plain",
                "computed": true
              },
              "average_speed": {
                "type": "number",
                "description_kind": "plain",
                "computed": true
              },
              "backup_name": {
                "type": "string",
                "description_kind": "plain",
                "optional": true,
                "computed": true
              },
              "backup_record_id": {
                "type": "string",
                "description_kind": "plain",
                "optional": true,
                "computed": true
              },
              "description": {
                "type": "string",
                "description_kind": "plain",
                "computed": true
              },
              "id": {
                "type": "string",
                "description_kind": "plain",
                "optional": true
              },
              "policy_id": {
                "type": "string",
                "description_kind": "plain",
                "optional": true
              },
              "region": {
                "type": "string",
                "description_kind": "plain",
                "optional": true,
                "computed": true
              },
              "resource_id": {
                "type": "string",
                "description_kind": "plain",
                "optional": true,
                "computed": true
              },
              "resource_name": {
                "type": "string",
                "description_kind": "plain",
                "optional": true,
                "computed": true
              },
              "resource_type": {
                "type": "string",
                "description_kind": "plain",
                "optional": true,
                "computed": true
              },
              "size": {
                "type": "number",
                "description_kind": "plain",
                "computed": true
              },
              "status": {
                "type": "string",
                "description_kind": "plain",
                "optional": true,
                "computed": true
              },
              "vm_ip": {
                "type": "string",
                "description_kind": "plain",
                "optional": true
              },
              "vm_metadata": {
                "type": [
                  "set",
                  [
                    "object",
                    {
                      "cloud_service_type": "string",
                      "disk": "number",
                      "eip": "string",
                      "image_type": "string",
                      "name": "string",
                      "private_ip": "string",
                      "ram": "number",
                      "vcpus": "number"
                    }
                  ]
                ],
                "description_kind": "plain",
                "computed": true
              },
              "volume_backups": {
                "type": [
                  "set",
                  [
                    "object",
                    {
                      "average_speed": "number",
                      "bootable": "bool",
                      "id": "string",
                      "image_type": "string",
                      "incremental": "bool",
                      "name": "string",
                      "size": "number",
                      "snapshot_id": "string",
                      "source_volume_id": "string",
                      "source_volume_name": "string",
                      "source_volume_size": "number",
                      "space_saving_ratio": "number",
                      "status": "string"
                    }
                  ]
                ],
                "description_kind": "plain",
                "computed": true
              }
            },
            "description_kind": "plain"
          }
        },
        "flexibleengine_cts_tracker_v1": {
          "version": 0,
          "block": {
            "attributes": {
              "bucket_name": {
                "type": "string",
                "description_kind": "plain",
                "optional": true,
                "computed": true
              },
              "file_prefix_name": {
                "type": "string",
                "description_kind": "plain",
                "optional": true,
                "computed": true
              },
              "id": {
                "type": "string",
                "description_kind": "plain",
                "optional": true,
                "computed": true
              },
              "region": {
                "type": "string",
                "description_kind": "plain",
                "optional": true,
                "computed": true
              },
              "status": {
                "type": "string",
                "description_kind": "plain",
                "optional": true,
                "computed": true
              },
              "tracker_name": {
                "type": "string",
                "description_kind": "plain",
                "optional": true,
                "computed": true
              }
            },
            "description_kind": "plain"
          }
        },
        "flexibleengine_dcs_az_v1": {
          "version": 0,
          "block": {
            "attributes": {
              "code": {
                "type": "string",
                "description_kind": "plain",
                "optional": true,
                "computed": true
              },
              "id": {
                "type": "string",
                "description_kind": "plain",
                "optional": true,
                "computed": true
              },
              "name": {
                "type": "string",
                "description_kind": "plain",
                "optional": true,
                "computed": true
              },
              "port": {
                "type": "string",
                "description_kind": "plain",
                "optional": true,
                "computed": true
              }
            },
            "description_kind": "plain",
            "deprecated": true
          }
        },
        "flexibleengine_dcs_maintainwindow_v1": {
          "version": 0,
          "block": {
            "attributes": {
              "begin": {
                "type": "string",
                "description_kind": "plain",
                "optional": true,
                "computed": true
              },
              "default": {
                "type": "bool",
                "description_kind": "plain",
                "optional": true,
                "computed": true
              },
              "end": {
                "type": "string",
                "description_kind": "plain",
                "optional": true,
                "computed": true
              },
              "id": {
                "type": "string",
                "description_kind": "plain",
                "optional": true,
                "computed": true
              },
              "seq": {
                "type": "number",
                "description_kind": "plain",
                "optional": true,
                "computed": true
              }
            },
            "description_kind": "plain"
          }
        },
        "flexibleengine_dcs_product_v1": {
          "version": 0,
          "block": {
            "attributes": {
              "cache_mode": {
                "type": "string",
                "description_kind": "plain",
                "optional": true,
                "computed": true
              },
              "capacity": {
                "type": "number",
                "description_kind": "plain",
                "optional": true,
                "computed": true
              },
              "cpu_architecture": {
                "type": "string",
                "description_kind": "plain",
                "computed": true
              },
              "engine": {
                "type": "string",
                "description_kind": "plain",
                "optional": true
              },
              "engine_version": {
                "type": "string",
                "description_kind": "plain",
                "optional": true,
                "computed": true
              },
              "id": {
                "type": "string",
                "description_kind": "plain",
                "optional": true,
                "computed": true
              },
              "replica_count": {
                "type": "number",
                "description_kind": "plain",
                "optional": true,
                "computed": true
              },
              "spec_code": {
                "type": "string",
                "description_kind": "plain",
                "optional": true,
                "computed": true
              }
            },
            "description_kind": "plain"
          }
        },
        "flexibleengine_dds_flavor_v3": {
          "version": 0,
          "block": {
            "attributes": {
              "engine_name": {
                "type": "string",
                "description_kind": "plain",
                "optional": true,
                "computed": true
              },
              "id": {
                "type": "string",
                "description_kind": "plain",
                "optional": true,
                "computed": true
              },
              "ram": {
                "type": "string",
                "description_kind": "plain",
                "computed": true
              },
              "region": {
                "type": "string",
                "description_kind": "plain",
                "optional": true,
                "computed": true
              },
              "spec_code": {
                "type": "string",
                "description_kind": "plain",
                "optional": true,
                "computed": true
              },
              "type": {
                "type": "string",
                "description_kind": "plain",
                "computed": true
              },
              "vcpus": {
                "type": "string",
                "description_kind": "plain",
                "computed": true
              }
            },
            "description_kind": "plain"
          }
        },
        "flexibleengine_dds_flavors_v3": {
          "version": 0,
          "block": {
            "attributes": {
              "engine_name": {
                "type": "string",
                "description_kind": "plain",
                "optional": true
              },
              "flavors": {
                "type": [
                  "list",
                  [
                    "object",
                    {
                      "memory": "string",
                      "spec_code": "string",
                      "type": "string",
                      "vcpus": "string"
                    }
                  ]
                ],
                "description_kind": "plain",
                "computed": true
              },
              "id": {
                "type": "string",
                "description_kind": "plain",
                "optional": true,
                "computed": true
              },
              "memory": {
                "type": "string",
                "description_kind": "plain",
                "optional": true
              },
              "region": {
                "type": "string",
                "description_kind": "plain",
                "optional": true,
                "computed": true
              },
              "type": {
                "type": "string",
                "description_kind": "plain",
                "optional": true
              },
              "vcpus": {
                "type": "string",
                "description_kind": "plain",
                "optional": true
              }
            },
            "description_kind": "plain"
          }
        },
        "flexibleengine_dms_product": {
          "version": 0,
          "block": {
            "attributes": {
              "availability_zones": {
                "type": [
                  "list",
                  "string"
                ],
                "description_kind": "plain",
                "computed": true
              },
              "bandwidth": {
                "type": "string",
                "description_kind": "plain",
                "required": true
              },
              "cpu_arch": {
                "type": "string",
                "description_kind": "plain",
                "computed": true
              },
              "ecs_flavor_id": {
                "type": "string",
                "description_kind": "plain",
                "computed": true
              },
              "engine": {
                "type": "string",
                "description_kind": "plain",
                "optional": true
              },
              "engine_version": {
                "type": "string",
                "description_kind": "plain",
                "optional": true
              },
              "id": {
                "type": "string",
                "description_kind": "plain",
                "optional": true,
                "computed": true
              },
              "max_tps": {
                "type": "number",
                "description_kind": "plain",
                "computed": true
              },
              "partition_num": {
                "type": "number",
                "description_kind": "plain",
                "computed": true
              },
              "region": {
                "type": "string",
                "description_kind": "plain",
                "optional": true,
                "computed": true
              },
              "spec_code": {
                "type": "string",
                "description_kind": "plain",
                "computed": true
              },
              "storage_space": {
                "type": "number",
                "description_kind": "plain",
                "computed": true
              },
              "storage_spec_codes": {
                "type": [
                  "list",
                  "string"
                ],
                "description_kind": "plain",
                "computed": true
              }
            },
            "description_kind": "plain"
          }
        },
        "flexibleengine_dms_rocketmq_broker": {
          "version": 0,
          "block": {
            "attributes": {
              "brokers": {
                "type": [
                  "list",
                  "string"
                ],
                "description": "Indicates the list of the brokers.",
                "description_kind": "plain",
                "computed": true
              },
              "id": {
                "type": "string",
                "description_kind": "plain",
                "optional": true,
                "computed": true
              },
              "instance_id": {
                "type": "string",
                "description_kind": "plain",
                "required": true
              },
              "region": {
                "type": "string",
                "description_kind": "plain",
                "optional": true,
                "computed": true
              }
            },
            "description_kind": "plain"
          }
        },
        "flexibleengine_dms_rocketmq_instances": {
          "version": 0,
          "block": {
            "attributes": {
              "exact_match_name": {
                "type": "string",
                "description": "Specifies whether to search for the instance that precisely matches a specified\ninstance name.",
                "description_kind": "plain",
                "optional": true
              },
              "id": {
                "type": "string",
                "description_kind": "plain",
                "optional": true,
                "computed": true
              },
              "instance_id": {
                "type": "string",
                "description": "Specifies the ID of the rocketMQ instance.",
                "description_kind": "plain",
                "optional": true
              },
              "instances": {
                "type": [
                  "list",
                  [
                    "object",
                    {
                      "availability_zones": [
                        "list",
                        "string"
                      ],
                      "broker_address": "string",
                      "broker_num": "number",
                      "cross_vpc_accesses": [
                        "list",
                        [
                          "object",
                          {
                            "advertised_ip": "string",
                            "lisenter_ip": "string",
                            "listener_ip": "string",
                            "port": "number",
                            "port_id": "string"
                          }
                        ]
                      ],
                      "description": "string",
                      "enable_acl": "bool",
                      "enable_publicip": "bool",
                      "engine_version": "string",
                      "flavor_id": "string",
                      "id": "string",
                      "ipv6_enable": "bool",
                      "maintain_begin": "string",
                      "maintain_end": "string",
                      "name": "string",
                      "namesrv_address": "string",
                      "new_spec_billing_enable": "bool",
                      "node_num": "number",
                      "public_broker_address": "string",
                      "public_namesrv_address": "string",
                      "publicip_address": "string",
                      "publicip_id": "string",
                      "resource_spec_code": "string",
                      "security_group_id": "string",
                      "specification": "string",
                      "ssl_enable": "bool",
                      "status": "string",
                      "storage_space": "number",
                      "storage_spec_code": "string",
                      "subnet_id": "string",
                      "type": "string",
                      "used_storage_space": "number",
                      "vpc_id": "string"
                    }
                  ]
                ],
                "description": "Indicates the list of DMS rocketMQ instances.",
                "description_kind": "plain",
                "computed": true
              },
              "name": {
                "type": "string",
                "description": "Specifies the name of the DMS RocketMQ instance.",
                "description_kind": "plain",
                "optional": true
              },
              "region": {
                "type": "string",
                "description_kind": "plain",
                "optional": true,
                "computed": true
              },
              "status": {
                "type": "string",
                "description": "Specifies the status of the DMS RocketMQ instance.",
                "description_kind": "plain",
                "optional": true
              }
            },
            "description_kind": "plain"
          }
        },
        "flexibleengine_dns_zone_v2": {
          "version": 0,
          "block": {
            "attributes": {
              "description": {
                "type": "string",
                "description_kind": "plain",
                "optional": true
              },
              "email": {
                "type": "string",
                "description_kind": "plain",
                "optional": true
              },
              "id": {
                "type": "string",
                "description_kind": "plain",
                "optional": true,
                "computed": true
              },
              "masters": {
                "type": [
                  "set",
                  "string"
                ],
                "description_kind": "plain",
                "optional": true,
                "computed": true
              },
              "name": {
                "type": "string",
                "description_kind": "plain",
                "optional": true
              },
              "pool_id": {
                "type": "string",
                "description_kind": "plain",
                "optional": true,
                "computed": true
              },
              "project_id": {
                "type": "string",
                "description_kind": "plain",
                "optional": true,
                "computed": true
              },
              "region": {
                "type": "string",
                "description_kind": "plain",
                "optional": true,
                "computed": true
              },
              "serial": {
                "type": "number",
                "description_kind": "plain",
                "optional": true,
                "computed": true
              },
              "status": {
                "type": "string",
                "description_kind": "plain",
                "optional": true
              },
              "ttl": {
                "type": "number",
                "description_kind": "plain",
                "optional": true
              },
              "zone_type": {
                "type": "string",
                "description_kind": "plain",
                "optional": true
              }
            },
            "description_kind": "plain"
          }
        },
        "flexibleengine_dws_flavors": {
          "version": 0,
          "block": {
            "attributes": {
              "availability_zone": {
                "type": "string",
                "description": "The availability zone name.",
                "description_kind": "plain",
                "optional": true
              },
              "datastore_type": {
                "type": "string",
                "description": "The type of datastore.",
                "description_kind": "plain",
                "optional": true
              },
              "flavors": {
                "type": [
                  "list",
                  [
                    "object",
                    {
                      "availability_zones": [
                        "list",
                        "string"
                      ],
                      "datastore_type": "string",
                      "elastic_volume_specs": [
                        "list",
                        [
                          "object",
                          {
                            "max_size": "number",
                            "min_size": "number",
                            "step": "number"
                          }
                        ]
                      ],
                      "flavor_id": "string",
                      "memory": "number",
                      "size": "number",
                      "vcpus": "number",
                      "volumetype": "string"
                    }
                  ]
                ],
                "description": "The list of flavor detail.",
                "description_kind": "plain",
                "computed": true
              },
              "id": {
                "type": "string",
                "description_kind": "plain",
                "optional": true,
                "computed": true
              },
              "memory": {
                "type": "number",
                "description": "The ram of the dws node flavor in GB.",
                "description_kind": "plain",
                "optional": true
              },
              "region": {
                "type": "string",
                "description_kind": "plain",
                "optional": true,
                "computed": true
              },
              "vcpus": {
                "type": "number",
                "description": "The vcpus of the dws node flavor.",
                "description_kind": "plain",
                "optional": true
              }
            },
            "description_kind": "plain"
          }
        },
        "flexibleengine_elb_certificate": {
          "version": 0,
          "block": {
            "attributes": {
              "description": {
                "type": "string",
                "description_kind": "plain",
                "computed": true
              },
              "domain": {
                "type": "string",
                "description_kind": "plain",
                "computed": true
              },
              "expiration": {
                "type": "string",
                "description_kind": "plain",
                "computed": true
              },
              "id": {
                "type": "string",
                "description_kind": "plain",
                "optional": true,
                "computed": true
              },
              "name": {
                "type": "string",
                "description_kind": "plain",
                "required": true
              },
              "region": {
                "type": "string",
                "description_kind": "plain",
                "optional": true,
                "computed": true
              },
              "type": {
                "type": "string",
                "description_kind": "plain",
                "computed": true
              }
            },
            "description_kind": "plain"
          }
        },
        "flexibleengine_elb_flavors": {
          "version": 0,
          "block": {
            "attributes": {
              "bandwidth": {
                "type": "number",
                "description_kind": "plain",
                "optional": true
              },
              "cps": {
                "type": "number",
                "description_kind": "plain",
                "optional": true
              },
              "flavors": {
                "type": [
                  "list",
                  [
                    "object",
                    {
                      "bandwidth": "number",
                      "cps": "number",
                      "id": "string",
                      "max_connections": "number",
                      "name": "string",
                      "qps": "number",
                      "type": "string"
                    }
                  ]
                ],
                "description_kind": "plain",
                "computed": true
              },
              "id": {
                "type": "string",
                "description_kind": "plain",
                "optional": true,
                "computed": true
              },
              "ids": {
                "type": [
                  "list",
                  "string"
                ],
                "description_kind": "plain",
                "computed": true
              },
              "max_connections": {
                "type": "number",
                "description_kind": "plain",
                "optional": true
              },
              "qps": {
                "type": "number",
                "description_kind": "plain",
                "optional": true
              },
              "region": {
                "type": "string",
                "description_kind": "plain",
                "optional": true,
                "computed": true
              },
              "type": {
                "type": "string",
                "description_kind": "plain",
                "optional": true
              }
            },
            "description_kind": "plain"
          }
        },
        "flexibleengine_enterprise_project": {
          "version": 0,
          "block": {
            "attributes": {
              "created_at": {
                "type": "string",
                "description_kind": "plain",
                "computed": true
              },
              "description": {
                "type": "string",
                "description_kind": "plain",
                "computed": true
              },
              "id": {
                "type": "string",
                "description_kind": "plain",
                "optional": true,
                "computed": true
              },
              "name": {
                "type": "string",
                "description_kind": "plain",
                "optional": true,
                "computed": true
              },
              "status": {
                "type": "number",
                "description_kind": "plain",
                "optional": true,
                "computed": true
              },
              "updated_at": {
                "type": "string",
                "description_kind": "plain",
                "computed": true
              }
            },
            "description_kind": "plain"
          }
        },
        "flexibleengine_fgs_dependencies": {
          "version": 0,
          "block": {
            "attributes": {
              "id": {
                "type": "string",
                "description_kind": "plain",
                "optional": true,
                "computed": true
              },
              "name": {
                "type": "string",
                "description_kind": "plain",
                "optional": true
              },
              "packages": {
                "type": [
                  "list",
                  [
                    "object",
                    {
                      "etag": "string",
                      "file_name": "string",
                      "id": "string",
                      "link": "string",
                      "name": "string",
                      "owner": "string",
                      "runtime": "string",
                      "size": "number"
                    }
                  ]
                ],
                "description_kind": "plain",
                "computed": true
              },
              "region": {
                "type": "string",
                "description_kind": "plain",
                "optional": true,
                "computed": true
              },
              "runtime": {
                "type": "string",
                "description_kind": "plain",
                "optional": true
              },
              "type": {
                "type": "string",
                "description_kind": "plain",
                "optional": true
              }
            },
            "description_kind": "plain"
          }
        },
        "flexibleengine_identity_custom_role_v3": {
          "version": 0,
          "block": {
            "attributes": {
              "catalog": {
                "type": "string",
                "description_kind": "plain",
                "computed": true
              },
              "description": {
                "type": "string",
                "description_kind": "plain",
                "optional": true
              },
              "domain_id": {
                "type": "string",
                "description_kind": "plain",
                "optional": true
              },
              "id": {
                "type": "string",
                "description_kind": "plain",
                "optional": true
              },
              "name": {
                "type": "string",
                "description_kind": "plain",
                "optional": true
              },
              "policy": {
                "type": "string",
                "description_kind": "plain",
                "computed": true
              },
              "references": {
                "type": "number",
                "description_kind": "plain",
                "optional": true
              },
              "type": {
                "type": "string",
                "description_kind": "plain",
                "optional": true
              }
            },
            "description_kind": "plain"
          }
        },
        "flexibleengine_identity_group": {
          "version": 0,
          "block": {
            "attributes": {
              "description": {
                "type": "string",
                "description_kind": "plain",
                "optional": true,
                "computed": true
              },
              "domain_id": {
                "type": "string",
                "description_kind": "plain",
                "computed": true
              },
              "id": {
                "type": "string",
                "description_kind": "plain",
                "optional": true,
                "computed": true
              },
              "name": {
                "type": "string",
                "description_kind": "plain",
                "optional": true,
                "computed": true
              },
              "users": {
                "type": [
                  "list",
                  [
                    "object",
                    {
                      "description": "string",
                      "enabled": "bool",
                      "id": "string",
                      "name": "string",
                      "password_expires_at": "string",
                      "password_status": "bool",
                      "password_strength": "string"
                    }
                  ]
                ],
                "description_kind": "plain",
                "computed": true
              }
            },
            "description_kind": "plain"
          }
        },
        "flexibleengine_identity_project_v3": {
          "version": 0,
          "block": {
            "attributes": {
              "description": {
                "type": "string",
                "description_kind": "plain",
                "computed": true
              },
              "domain_id": {
                "type": "string",
                "description_kind": "plain",
                "optional": true,
                "computed": true
              },
              "enabled": {
                "type": "bool",
                "description_kind": "plain",
                "optional": true,
                "computed": true
              },
              "id": {
                "type": "string",
                "description_kind": "plain",
                "optional": true,
                "computed": true
              },
              "is_domain": {
                "type": "bool",
                "description_kind": "plain",
                "optional": true,
                "computed": true
              },
              "name": {
                "type": "string",
                "description_kind": "plain",
                "optional": true
              },
              "parent_id": {
                "type": "string",
                "description_kind": "plain",
                "optional": true
              }
            },
            "description_kind": "plain"
          }
        },
        "flexibleengine_identity_role_v3": {
          "version": 0,
          "block": {
            "attributes": {
              "catalog": {
                "type": "string",
                "description_kind": "plain",
                "computed": true
              },
              "description": {
                "type": "string",
                "description_kind": "plain",
                "computed": true
              },
              "display_name": {
                "type": "string",
                "description_kind": "plain",
                "computed": true
              },
              "domain_id": {
                "type": "string",
                "description_kind": "plain",
                "optional": true,
                "computed": true
              },
              "id": {
                "type": "string",
                "description_kind": "plain",
                "optional": true,
                "computed": true
              },
              "name": {
                "type": "string",
                "description_kind": "plain",
                "required": true
              },
              "policy": {
                "type": "string",
                "description_kind": "plain",
                "computed": true
              },
              "type": {
                "type": "string",
                "description_kind": "plain",
                "computed": true
              }
            },
            "description_kind": "plain"
          }
        },
        "flexibleengine_identity_users": {
          "version": 0,
          "block": {
            "attributes": {
              "enabled": {
                "type": "bool",
                "description_kind": "plain",
                "optional": true
              },
              "id": {
                "type": "string",
                "description_kind": "plain",
                "optional": true,
                "computed": true
              },
              "name": {
                "type": "string",
                "description_kind": "plain",
                "optional": true
              },
              "users": {
                "type": [
                  "list",
                  [
                    "object",
                    {
                      "description": "string",
                      "enabled": "bool",
                      "groups": [
                        "list",
                        "string"
                      ],
                      "id": "string",
                      "name": "string",
                      "password_expires_at": "string",
                      "password_status": "bool"
                    }
                  ]
                ],
                "description_kind": "plain",
                "computed": true
              }
            },
            "description_kind": "plain"
          }
        },
        "flexibleengine_images_image_v2": {
          "version": 0,
          "block": {
            "attributes": {
              "checksum": {
                "type": "string",
                "description_kind": "plain",
                "computed": true
              },
              "container_format": {
                "type": "string",
                "description_kind": "plain",
                "computed": true
              },
              "created_at": {
                "type": "string",
                "description_kind": "plain",
                "computed": true
              },
              "disk_format": {
                "type": "string",
                "description_kind": "plain",
                "computed": true
              },
              "file": {
                "type": "string",
                "description_kind": "plain",
                "computed": true
              },
              "id": {
                "type": "string",
                "description_kind": "plain",
                "optional": true,
                "computed": true
              },
              "metadata": {
                "type": [
                  "map",
                  "string"
                ],
                "description_kind": "plain",
                "computed": true
              },
              "min_disk_gb": {
                "type": "number",
                "description_kind": "plain",
                "computed": true
              },
              "min_ram_mb": {
                "type": "number",
                "description_kind": "plain",
                "computed": true
              },
              "most_recent": {
                "type": "bool",
                "description_kind": "plain",
                "optional": true
              },
              "name": {
                "type": "string",
                "description_kind": "plain",
                "optional": true
              },
              "owner": {
                "type": "string",
                "description_kind": "plain",
                "optional": true
              },
              "protected": {
                "type": "bool",
                "description_kind": "plain",
                "computed": true
              },
              "region": {
                "type": "string",
                "description_kind": "plain",
                "optional": true,
                "computed": true
              },
              "schema": {
                "type": "string",
                "description_kind": "plain",
                "computed": true
              },
              "size_bytes": {
                "type": "number",
                "description_kind": "plain",
                "computed": true
              },
              "size_max": {
                "type": "number",
                "description_kind": "plain",
                "optional": true
              },
              "size_min": {
                "type": "number",
                "description_kind": "plain",
                "optional": true
              },
              "sort_direction": {
                "type": "string",
                "description_kind": "plain",
                "optional": true
              },
              "sort_key": {
                "type": "string",
                "description_kind": "plain",
                "optional": true
              },
              "tag": {
                "type": "string",
                "description_kind": "plain",
                "optional": true
              },
              "updated_at": {
                "type": "string",
                "description_kind": "plain",
                "computed": true
              },
              "visibility": {
                "type": "string",
                "description_kind": "plain",
                "optional": true
              }
            },
            "description_kind": "plain"
          }
        },
        "flexibleengine_kms_data_key_v1": {
          "version": 0,
          "block": {
            "attributes": {
              "cipher_text": {
                "type": "string",
                "description_kind": "plain",
                "computed": true
              },
              "datakey_length": {
                "type": "string",
                "description_kind": "plain",
                "required": true
              },
              "encryption_context": {
                "type": "string",
                "description_kind": "plain",
                "optional": true
              },
              "id": {
                "type": "string",
                "description_kind": "plain",
                "optional": true,
                "computed": true
              },
              "key_id": {
                "type": "string",
                "description_kind": "plain",
                "required": true
              },
              "plain_text": {
                "type": "string",
                "description_kind": "plain",
                "computed": true
              }
            },
            "description_kind": "plain"
          }
        },
        "flexibleengine_kms_key_v1": {
          "version": 0,
          "block": {
            "attributes": {
              "creation_date": {
                "type": "string",
                "description_kind": "plain",
                "computed": true
              },
              "default_key_flag": {
                "type": "string",
                "description_kind": "plain",
                "optional": true,
                "computed": true
              },
              "domain_id": {
                "type": "string",
                "description_kind": "plain",
                "optional": true,
                "computed": true
              },
              "id": {
                "type": "string",
                "description_kind": "plain",
                "optional": true,
                "computed": true
              },
              "key_alias": {
                "type": "string",
                "description_kind": "plain",
                "optional": true
              },
              "key_description": {
                "type": "string",
                "description_kind": "plain",
                "optional": true
              },
              "key_id": {
                "type": "string",
                "description_kind": "plain",
                "optional": true
              },
              "key_state": {
                "type": "string",
                "description_kind": "plain",
                "optional": true,
                "computed": true
              },
              "origin": {
                "type": "string",
                "description_kind": "plain",
                "optional": true,
                "computed": true
              },
              "realm": {
                "type": "string",
                "description_kind": "plain",
                "optional": true,
                "computed": true
              },
              "rotation_enabled": {
                "type": "bool",
                "description_kind": "plain",
                "computed": true
              },
              "rotation_interval": {
                "type": "number",
                "description_kind": "plain",
                "computed": true
              },
              "rotation_number": {
                "type": "number",
                "description_kind": "plain",
                "computed": true
              },
              "scheduled_deletion_date": {
                "type": "string",
                "description_kind": "plain",
                "computed": true
              }
            },
            "description_kind": "plain"
          }
        },
        "flexibleengine_lb_certificate_v2": {
          "version": 0,
          "block": {
            "attributes": {
              "certificate": {
                "type": "string",
                "description_kind": "plain",
                "computed": true
              },
              "create_time": {
                "type": "string",
                "description_kind": "plain",
                "computed": true
              },
              "description": {
                "type": "string",
                "description_kind": "plain",
                "optional": true,
                "computed": true
              },
              "domain": {
                "type": "string",
                "description_kind": "plain",
                "optional": true,
                "computed": true
              },
              "id": {
                "type": "string",
                "description_kind": "plain",
                "optional": true,
                "computed": true
              },
              "name": {
                "type": "string",
                "description_kind": "plain",
                "optional": true,
                "computed": true
              },
              "private_key": {
                "type": "string",
                "description_kind": "plain",
                "computed": true
              },
              "type": {
                "type": "string",
                "description_kind": "plain",
                "optional": true,
                "computed": true
              },
              "update_time": {
                "type": "string",
                "description_kind": "plain",
                "computed": true
              }
            },
            "description_kind": "plain"
          }
        },
        "flexibleengine_lb_loadbalancer_v2": {
          "version": 0,
          "block": {
            "attributes": {
              "description": {
                "type": "string",
                "description_kind": "plain",
                "optional": true
              },
              "id": {
                "type": "string",
                "description_kind": "plain",
                "optional": true
              },
              "name": {
                "type": "string",
                "description_kind": "plain",
                "optional": true
              },
              "region": {
                "type": "string",
                "description_kind": "plain",
                "optional": true,
                "computed": true
              },
              "status": {
                "type": "string",
                "description_kind": "plain",
                "computed": true
              },
              "tags": {
                "type": [
                  "map",
                  "string"
                ],
                "description_kind": "plain",
                "computed": true
              },
              "vip_address": {
                "type": "string",
                "description_kind": "plain",
                "optional": true
              },
              "vip_port_id": {
                "type": "string",
                "description_kind": "plain",
                "computed": true
              },
              "vip_subnet_id": {
                "type": "string",
                "description_kind": "plain",
                "optional": true
              }
            },
            "description_kind": "plain"
          }
        },
        "flexibleengine_modelarts_dataset_versions": {
          "version": 0,
          "block": {
            "attributes": {
              "dataset_id": {
                "type": "string",
                "description_kind": "plain",
                "required": true
              },
              "id": {
                "type": "string",
                "description_kind": "plain",
                "optional": true,
                "computed": true
              },
              "name": {
                "type": "string",
                "description_kind": "plain",
                "optional": true
              },
              "region": {
                "type": "string",
                "description_kind": "plain",
                "optional": true,
                "computed": true
              },
              "split_ratio": {
                "type": "string",
                "description_kind": "plain",
                "optional": true
              },
              "versions": {
                "type": [
                  "list",
                  [
                    "object",
                    {
                      "created_at": "string",
                      "description": "string",
                      "files": "number",
                      "id": "string",
                      "is_current": "bool",
                      "name": "string",
                      "split_ratio": "string",
                      "status": "number",
                      "storage_path": "string",
                      "updated_at": "string"
                    }
                  ]
                ],
                "description_kind": "plain",
                "computed": true
              }
            },
            "description_kind": "plain"
          }
        },
        "flexibleengine_modelarts_datasets": {
          "version": 0,
          "block": {
            "attributes": {
              "datasets": {
                "type": [
                  "list",
                  [
                    "object",
                    {
                      "created_at": "string",
                      "data_format": "string",
                      "data_source": [
                        "list",
                        [
                          "object",
                          {
                            "data_type": "number",
                            "path": "string",
                            "with_column_header": "bool"
                          }
                        ]
                      ],
                      "description": "string",
                      "id": "string",
                      "labels": [
                        "list",
                        [
                          "object",
                          {
                            "name": "string",
                            "property_color": "string",
                            "property_shape": "string",
                            "property_shortcut": "string"
                          }
                        ]
                      ],
                      "name": "string",
                      "output_path": "string",
                      "schemas": [
                        "list",
                        [
                          "object",
                          {
                            "name": "string",
                            "type": "string"
                          }
                        ]
                      ],
                      "status": "number",
                      "type": "number"
                    }
                  ]
                ],
                "description_kind": "plain",
                "computed": true
              },
              "id": {
                "type": "string",
                "description_kind": "plain",
                "optional": true,
                "computed": true
              },
              "name": {
                "type": "string",
                "description_kind": "plain",
                "optional": true
              },
              "region": {
                "type": "string",
                "description_kind": "plain",
                "optional": true,
                "computed": true
              },
              "type": {
                "type": "number",
                "description_kind": "plain",
                "optional": true
              }
            },
            "description_kind": "plain"
          }
        },
        "flexibleengine_nat_gateway_v2": {
          "version": 0,
          "block": {
            "attributes": {
              "description": {
                "type": "string",
                "description_kind": "plain",
                "optional": true
              },
              "id": {
                "type": "string",
                "description_kind": "plain",
                "optional": true
              },
              "name": {
                "type": "string",
                "description_kind": "plain",
                "optional": true
              },
              "region": {
                "type": "string",
                "description_kind": "plain",
                "optional": true,
                "computed": true
              },
              "spec": {
                "type": "string",
                "description_kind": "plain",
                "optional": true
              },
              "status": {
                "type": "string",
                "description_kind": "plain",
                "optional": true
              },
              "subnet_id": {
                "type": "string",
                "description_kind": "plain",
                "optional": true
              },
              "vpc_id": {
                "type": "string",
                "description_kind": "plain",
                "optional": true
              }
            },
            "description_kind": "plain"
          }
        },
        "flexibleengine_networking_network_v2": {
          "version": 0,
          "block": {
            "attributes": {
              "admin_state_up": {
                "type": "string",
                "description_kind": "plain",
                "computed": true
              },
              "id": {
                "type": "string",
                "description_kind": "plain",
                "optional": true,
                "computed": true
              },
              "matching_subnet_cidr": {
                "type": "string",
                "description_kind": "plain",
                "optional": true
              },
              "name": {
                "type": "string",
                "description_kind": "plain",
                "optional": true
              },
              "network_id": {
                "type": "string",
                "description_kind": "plain",
                "optional": true
              },
              "region": {
                "type": "string",
                "description_kind": "plain",
                "optional": true,
                "computed": true
              },
              "shared": {
                "type": "string",
                "description_kind": "plain",
                "computed": true
              },
              "tenant_id": {
                "type": "string",
                "description": "The ID of the Tenant (Identity v2) or Project (Identity v3)\nto login with.",
                "description_kind": "plain",
                "optional": true
              }
            },
            "description_kind": "plain"
          }
        },
        "flexibleengine_networking_port": {
          "version": 0,
          "block": {
            "attributes": {
              "admin_state_up": {
                "type": "bool",
                "description_kind": "plain",
                "optional": true,
                "computed": true
              },
              "all_allowed_ips": {
                "type": [
                  "list",
                  "string"
                ],
                "description_kind": "plain",
                "computed": true
              },
              "all_fixed_ips": {
                "type": [
                  "list",
                  "string"
                ],
                "description_kind": "plain",
                "computed": true
              },
              "all_security_group_ids": {
                "type": [
                  "list",
                  "string"
                ],
                "description_kind": "plain",
                "computed": true
              },
              "device_id": {
                "type": "string",
                "description_kind": "plain",
                "optional": true,
                "computed": true
              },
              "device_owner": {
                "type": "string",
                "description_kind": "plain",
                "optional": true,
                "computed": true
              },
              "fixed_ip": {
                "type": "string",
                "description_kind": "plain",
                "optional": true
              },
              "id": {
                "type": "string",
                "description_kind": "plain",
                "optional": true,
                "computed": true
              },
              "mac_address": {
                "type": "string",
                "description_kind": "plain",
                "optional": true,
                "computed": true
              },
              "name": {
                "type": "string",
                "description_kind": "plain",
                "optional": true,
                "computed": true
              },
              "network_id": {
                "type": "string",
                "description_kind": "plain",
                "optional": true,
                "computed": true
              },
              "port_id": {
                "type": "string",
                "description_kind": "plain",
                "optional": true,
                "computed": true
              },
              "project_id": {
                "type": "string",
                "description_kind": "plain",
                "optional": true
              },
              "region": {
                "type": "string",
                "description_kind": "plain",
                "optional": true,
                "computed": true
              },
              "security_group_ids": {
                "type": [
                  "set",
                  "string"
                ],
                "description_kind": "plain",
                "optional": true
              },
              "status": {
                "type": "string",
                "description_kind": "plain",
                "optional": true,
                "computed": true
              },
              "tenant_id": {
                "type": "string",
                "description_kind": "plain",
                "optional": true
              }
            },
            "description_kind": "plain"
          }
        },
        "flexibleengine_networking_secgroup_v2": {
          "version": 0,
          "block": {
            "attributes": {
              "description": {
                "type": "string",
                "description_kind": "plain",
                "computed": true
              },
              "id": {
                "type": "string",
                "description_kind": "plain",
                "optional": true,
                "computed": true
              },
              "name": {
                "type": "string",
                "description_kind": "plain",
                "optional": true
              },
              "region": {
                "type": "string",
                "description_kind": "plain",
                "optional": true,
                "computed": true
              },
              "secgroup_id": {
                "type": "string",
                "description_kind": "plain",
                "optional": true
              },
              "tenant_id": {
                "type": "string",
                "description_kind": "plain",
                "optional": true,
                "computed": true
              }
            },
            "description_kind": "plain"
          }
        },
        "flexibleengine_rds_flavors_v1": {
          "version": 0,
          "block": {
            "attributes": {
              "datastore_name": {
                "type": "string",
                "description_kind": "plain",
                "required": true
              },
              "datastore_version": {
                "type": "string",
                "description_kind": "plain",
                "required": true
              },
              "id": {
                "type": "string",
                "description_kind": "plain",
                "optional": true,
                "computed": true
              },
              "name": {
                "type": "string",
                "description_kind": "plain",
                "optional": true,
                "computed": true
              },
              "ram": {
                "type": "number",
                "description_kind": "plain",
                "optional": true,
                "computed": true
              },
              "region": {
                "type": "string",
                "description_kind": "plain",
                "optional": true,
                "computed": true
              },
              "speccode": {
                "type": "string",
                "description_kind": "plain",
                "optional": true,
                "computed": true
              }
            },
            "description_kind": "plain",
            "deprecated": true
          }
        },
        "flexibleengine_rds_flavors_v3": {
          "version": 0,
          "block": {
            "attributes": {
              "availability_zone": {
                "type": "string",
                "description_kind": "plain",
                "optional": true
              },
              "db_type": {
                "type": "string",
                "description_kind": "plain",
                "required": true
              },
              "db_version": {
                "type": "string",
                "description_kind": "plain",
                "optional": true
              },
              "flavors": {
                "type": [
                  "list",
                  [
                    "object",
                    {
                      "availability_zones": [
                        "list",
                        "string"
                      ],
                      "db_versions": [
                        "list",
                        "string"
                      ],
                      "group_type": "string",
                      "id": "string",
                      "instance_mode": "string",
                      "memory": "number",
                      "mode": "string",
                      "name": "string",
                      "vcpus": "number"
                    }
                  ]
                ],
                "description_kind": "plain",
                "computed": true
              },
              "group_type": {
                "type": "string",
                "description_kind": "plain",
                "optional": true
              },
              "id": {
                "type": "string",
                "description_kind": "plain",
                "optional": true,
                "computed": true
              },
              "instance_mode": {
                "type": "string",
                "description_kind": "plain",
                "optional": true
              },
              "memory": {
                "type": "number",
                "description_kind": "plain",
                "optional": true
              },
              "region": {
                "type": "string",
                "description_kind": "plain",
                "optional": true,
                "computed": true
              },
              "vcpus": {
                "type": "number",
                "description_kind": "plain",
                "optional": true
              }
            },
            "description_kind": "plain"
          }
        },
        "flexibleengine_rts_software_config_v1": {
          "version": 0,
          "block": {
            "attributes": {
              "config": {
                "type": "string",
                "description_kind": "plain",
                "computed": true
              },
              "group": {
                "type": "string",
                "description_kind": "plain",
                "computed": true
              },
              "id": {
                "type": "string",
                "description_kind": "plain",
                "optional": true
              },
              "input_values": {
                "type": [
                  "list",
                  [
                    "map",
                    "string"
                  ]
                ],
                "description_kind": "plain",
                "computed": true
              },
              "name": {
                "type": "string",
                "description_kind": "plain",
                "optional": true
              },
              "options": {
                "type": [
                  "map",
                  "string"
                ],
                "description_kind": "plain",
                "computed": true
              },
              "output_values": {
                "type": [
                  "list",
                  [
                    "map",
                    "string"
                  ]
                ],
                "description_kind": "plain",
                "computed": true
              },
              "region": {
                "type": "string",
                "description_kind": "plain",
                "optional": true,
                "computed": true
              }
            },
            "description_kind": "plain"
          }
        },
        "flexibleengine_rts_stack_resource_v1": {
          "version": 0,
          "block": {
            "attributes": {
              "id": {
                "type": "string",
                "description_kind": "plain",
                "optional": true,
                "computed": true
              },
              "logical_resource_id": {
                "type": "string",
                "description_kind": "plain",
                "computed": true
              },
              "physical_resource_id": {
                "type": "string",
                "description_kind": "plain",
                "optional": true
              },
              "region": {
                "type": "string",
                "description_kind": "plain",
                "optional": true,
                "computed": true
              },
              "required_by": {
                "type": [
                  "set",
                  "string"
                ],
                "description_kind": "plain",
                "computed": true
              },
              "resource_name": {
                "type": "string",
                "description_kind": "plain",
                "optional": true
              },
              "resource_status": {
                "type": "string",
                "description_kind": "plain",
                "computed": true
              },
              "resource_status_reason": {
                "type": "string",
                "description_kind": "plain",
                "computed": true
              },
              "resource_type": {
                "type": "string",
                "description_kind": "plain",
                "optional": true
              },
              "stack_name": {
                "type": "string",
                "description_kind": "plain",
                "required": true
              }
            },
            "description_kind": "plain"
          }
        },
        "flexibleengine_rts_stack_v1": {
          "version": 0,
          "block": {
            "attributes": {
              "capabilities": {
                "type": [
                  "set",
                  "string"
                ],
                "description_kind": "plain",
                "computed": true
              },
              "disable_rollback": {
                "type": "bool",
                "description_kind": "plain",
                "computed": true
              },
              "id": {
                "type": "string",
                "description_kind": "plain",
                "optional": true,
                "computed": true
              },
              "name": {
                "type": "string",
                "description_kind": "plain",
                "required": true
              },
              "notification_topics": {
                "type": [
                  "set",
                  "string"
                ],
                "description_kind": "plain",
                "computed": true
              },
              "outputs": {
                "type": [
                  "map",
                  "string"
                ],
                "description_kind": "plain",
                "computed": true
              },
              "parameters": {
                "type": [
                  "map",
                  "string"
                ],
                "description_kind": "plain",
                "computed": true
              },
              "region": {
                "type": "string",
                "description_kind": "plain",
                "optional": true,
                "computed": true
              },
              "status": {
                "type": "string",
                "description_kind": "plain",
                "computed": true
              },
              "status_reason": {
                "type": "string",
                "description_kind": "plain",
                "computed": true
              },
              "template_body": {
                "type": "string",
                "description_kind": "plain",
                "computed": true
              },
              "timeout_mins": {
                "type": "number",
                "description_kind": "plain",
                "computed": true
              }
            },
            "description_kind": "plain"
          }
        },
        "flexibleengine_s3_bucket_object": {
          "version": 0,
          "block": {
            "attributes": {
              "body": {
                "type": "string",
                "description_kind": "plain",
                "computed": true
              },
              "bucket": {
                "type": "string",
                "description_kind": "plain",
                "required": true
              },
              "cache_control": {
                "type": "string",
                "description_kind": "plain",
                "computed": true
              },
              "content_disposition": {
                "type": "string",
                "description_kind": "plain",
                "computed": true
              },
              "content_encoding": {
                "type": "string",
                "description_kind": "plain",
                "computed": true
              },
              "content_language": {
                "type": "string",
                "description_kind": "plain",
                "computed": true
              },
              "content_length": {
                "type": "number",
                "description_kind": "plain",
                "computed": true
              },
              "content_type": {
                "type": "string",
                "description_kind": "plain",
                "computed": true
              },
              "etag": {
                "type": "string",
                "description_kind": "plain",
                "computed": true
              },
              "expiration": {
                "type": "string",
                "description_kind": "plain",
                "computed": true
              },
              "expires": {
                "type": "string",
                "description_kind": "plain",
                "computed": true
              },
              "id": {
                "type": "string",
                "description_kind": "plain",
                "optional": true,
                "computed": true
              },
              "key": {
                "type": "string",
                "description_kind": "plain",
                "required": true
              },
              "last_modified": {
                "type": "string",
                "description_kind": "plain",
                "computed": true
              },
              "metadata": {
                "type": [
                  "map",
                  "string"
                ],
                "description_kind": "plain",
                "computed": true
              },
              "range": {
                "type": "string",
                "description_kind": "plain",
                "optional": true
              },
              "server_side_encryption": {
                "type": "string",
                "description_kind": "plain",
                "computed": true
              },
              "sse_kms_key_id": {
                "type": "string",
                "description_kind": "plain",
                "computed": true
              },
              "version_id": {
                "type": "string",
                "description_kind": "plain",
                "optional": true,
                "computed": true
              },
              "website_redirect_location": {
                "type": "string",
                "description_kind": "plain",
                "computed": true
              }
            },
            "description_kind": "plain"
          }
        },
        "flexibleengine_sdrs_domain_v1": {
          "version": 0,
          "block": {
            "attributes": {
              "description": {
                "type": "string",
                "description_kind": "plain",
                "computed": true
              },
              "id": {
                "type": "string",
                "description_kind": "plain",
                "optional": true,
                "computed": true
              },
              "name": {
                "type": "string",
                "description_kind": "plain",
                "optional": true,
                "computed": true
              }
            },
            "description_kind": "plain"
          }
        },
        "flexibleengine_sfs_file_system_v2": {
          "version": 0,
          "block": {
            "attributes": {
              "access_level": {
                "type": "string",
                "description_kind": "plain",
                "computed": true
              },
              "access_to": {
                "type": "string",
                "description_kind": "plain",
                "computed": true
              },
              "access_type": {
                "type": "string",
                "description_kind": "plain",
                "computed": true
              },
              "availability_zone": {
                "type": "string",
                "description_kind": "plain",
                "computed": true
              },
              "description": {
                "type": "string",
                "description_kind": "plain",
                "computed": true
              },
              "export_location": {
                "type": "string",
                "description_kind": "plain",
                "computed": true
              },
              "export_locations": {
                "type": [
                  "set",
                  "string"
                ],
                "description_kind": "plain",
                "computed": true
              },
              "host": {
                "type": "string",
                "description_kind": "plain",
                "computed": true
              },
              "id": {
                "type": "string",
                "description_kind": "plain",
                "optional": true
              },
              "is_public": {
                "type": "bool",
                "description_kind": "plain",
                "computed": true
              },
              "metadata": {
                "type": [
                  "map",
                  "string"
                ],
                "description_kind": "plain",
                "computed": true
              },
              "mount_id": {
                "type": "string",
                "description_kind": "plain",
                "computed": true
              },
              "name": {
                "type": "string",
                "description_kind": "plain",
                "optional": true
              },
              "preferred": {
                "type": "bool",
                "description_kind": "plain",
                "computed": true
              },
              "project_id": {
                "type": "string",
                "description_kind": "plain",
                "computed": true
              },
              "region": {
                "type": "string",
                "description_kind": "plain",
                "optional": true,
                "computed": true
              },
              "share_access_id": {
                "type": "string",
                "description_kind": "plain",
                "computed": true
              },
              "share_instance_id": {
                "type": "string",
                "description_kind": "plain",
                "computed": true
              },
              "share_proto": {
                "type": "string",
                "description_kind": "plain",
                "computed": true
              },
              "share_type": {
                "type": "string",
                "description_kind": "plain",
                "computed": true
              },
              "size": {
                "type": "number",
                "description_kind": "plain",
                "computed": true
              },
              "state": {
                "type": "string",
                "description_kind": "plain",
                "computed": true
              },
              "status": {
                "type": "string",
                "description_kind": "plain",
                "optional": true
              },
              "volume_type": {
                "type": "string",
                "description_kind": "plain",
                "computed": true
              }
            },
            "description_kind": "plain"
          }
        },
        "flexibleengine_sfs_turbos": {
          "version": 0,
          "block": {
            "attributes": {
              "enterprise_project_id": {
                "type": "string",
                "description_kind": "plain",
                "optional": true
              },
              "id": {
                "type": "string",
                "description_kind": "plain",
                "optional": true,
                "computed": true
              },
              "name": {
                "type": "string",
                "description_kind": "plain",
                "optional": true
              },
              "region": {
                "type": "string",
                "description_kind": "plain",
                "optional": true
              },
              "share_proto": {
                "type": "string",
                "description_kind": "plain",
                "optional": true
              },
              "share_type": {
                "type": "string",
                "description_kind": "plain",
                "optional": true
              },
              "size": {
                "type": "number",
                "description_kind": "plain",
                "optional": true
              },
              "turbos": {
                "type": [
                  "list",
                  [
                    "object",
                    {
                      "availability_zone": "string",
                      "available_capacity": "string",
                      "crypt_key_id": "string",
                      "enhanced": "bool",
                      "enterprise_project_id": "string",
                      "export_location": "string",
                      "id": "string",
                      "name": "string",
                      "security_group_id": "string",
                      "share_proto": "string",
                      "share_type": "string",
                      "size": "number",
                      "subnet_id": "string",
                      "version": "string",
                      "vpc_id": "string"
                    }
                  ]
                ],
                "description_kind": "plain",
                "computed": true
              }
            },
            "description_kind": "plain"
          }
        },
        "flexibleengine_smn_topics": {
          "version": 0,
          "block": {
            "attributes": {
              "display_name": {
                "type": "string",
                "description_kind": "plain",
                "optional": true
              },
              "enterprise_project_id": {
                "type": "string",
                "description_kind": "plain",
                "optional": true
              },
              "id": {
                "type": "string",
                "description_kind": "plain",
                "optional": true,
                "computed": true
              },
              "name": {
                "type": "string",
                "description_kind": "plain",
                "optional": true
              },
              "region": {
                "type": "string",
                "description_kind": "plain",
                "optional": true
              },
              "topic_urn": {
                "type": "string",
                "description_kind": "plain",
                "optional": true
              },
              "topics": {
                "type": [
                  "list",
                  [
                    "object",
                    {
                      "display_name": "string",
                      "enterprise_project_id": "string",
                      "id": "string",
                      "name": "string",
                      "push_policy": "number",
                      "tags": [
                        "map",
                        "string"
                      ],
                      "topic_urn": "string"
                    }
                  ]
                ],
                "description_kind": "plain",
                "computed": true
              }
            },
            "description_kind": "plain"
          }
        },
        "flexibleengine_sms_source_servers": {
          "version": 0,
          "block": {
            "attributes": {
              "id": {
                "type": "string",
                "description_kind": "plain",
                "optional": true,
                "computed": true
              },
              "ip": {
                "type": "string",
                "description_kind": "plain",
                "optional": true
              },
              "name": {
                "type": "string",
                "description_kind": "plain",
                "optional": true
              },
              "servers": {
                "type": [
                  "list",
                  [
                    "object",
                    {
                      "agent_version": "string",
                      "connected": "bool",
                      "disks": [
                        "list",
                        [
                          "object",
                          {
                            "device_type": "string",
                            "name": "string",
                            "size": "number"
                          }
                        ]
                      ],
                      "id": "string",
                      "ip": "string",
                      "memory": "number",
                      "name": "string",
                      "os_type": "string",
                      "os_version": "string",
                      "registered_time": "string",
                      "state": "string",
                      "vcpus": "number"
                    }
                  ]
                ],
                "description_kind": "plain",
                "computed": true
              },
              "state": {
                "type": "string",
                "description_kind": "plain",
                "optional": true
              }
            },
            "description_kind": "plain"
          }
        },
        "flexibleengine_vbs_backup_policy_v2": {
          "version": 0,
          "block": {
            "attributes": {
              "frequency": {
                "type": "number",
                "description_kind": "plain",
                "computed": true
              },
              "id": {
                "type": "string",
                "description_kind": "plain",
                "optional": true
              },
              "name": {
                "type": "string",
                "description_kind": "plain",
                "optional": true
              },
              "policy_resource_count": {
                "type": "number",
                "description_kind": "plain",
                "optional": true
              },
              "region": {
                "type": "string",
                "description_kind": "plain",
                "optional": true,
                "computed": true
              },
              "remain_first_backup": {
                "type": "string",
                "description_kind": "plain",
                "computed": true
              },
              "rentention_num": {
                "type": "number",
                "description_kind": "plain",
                "computed": true
              },
              "start_time": {
                "type": "string",
                "description_kind": "plain",
                "computed": true
              },
              "status": {
                "type": "string",
                "description_kind": "plain",
                "optional": true
              }
            },
            "description_kind": "plain"
          }
        },
        "flexibleengine_vbs_backup_v2": {
          "version": 0,
          "block": {
            "attributes": {
              "availability_zone": {
                "type": "string",
                "description_kind": "plain",
                "computed": true
              },
              "container": {
                "type": "string",
                "description_kind": "plain",
                "computed": true
              },
              "description": {
                "type": "string",
                "description_kind": "plain",
                "computed": true
              },
              "id": {
                "type": "string",
                "description_kind": "plain",
                "optional": true
              },
              "name": {
                "type": "string",
                "description_kind": "plain",
                "optional": true
              },
              "region": {
                "type": "string",
                "description_kind": "plain",
                "optional": true,
                "computed": true
              },
              "service_metadata": {
                "type": "string",
                "description_kind": "plain",
                "computed": true
              },
              "size": {
                "type": "number",
                "description_kind": "plain",
                "computed": true
              },
              "snapshot_id": {
                "type": "string",
                "description_kind": "plain",
                "optional": true
              },
              "status": {
                "type": "string",
                "description_kind": "plain",
                "optional": true
              },
              "volume_id": {
                "type": "string",
                "description_kind": "plain",
                "optional": true
              }
            },
            "description_kind": "plain"
          }
        },
        "flexibleengine_vpc_eip": {
          "version": 0,
          "block": {
            "attributes": {
              "bandwidth_id": {
                "type": "string",
                "description_kind": "plain",
                "computed": true
              },
              "bandwidth_share_type": {
                "type": "string",
                "description_kind": "plain",
                "computed": true
              },
              "bandwidth_size": {
                "type": "number",
                "description_kind": "plain",
                "computed": true
              },
              "id": {
                "type": "string",
                "description_kind": "plain",
                "optional": true,
                "computed": true
              },
              "port_id": {
                "type": "string",
                "description_kind": "plain",
                "optional": true
              },
              "private_ip": {
                "type": "string",
                "description_kind": "plain",
                "computed": true
              },
              "public_ip": {
                "type": "string",
                "description_kind": "plain",
                "optional": true
              },
              "region": {
                "type": "string",
                "description_kind": "plain",
                "optional": true,
                "computed": true
              },
              "status": {
                "type": "string",
                "description_kind": "plain",
                "computed": true
              },
              "type": {
                "type": "string",
                "description_kind": "plain",
                "computed": true
              }
            },
            "description_kind": "plain"
          }
        },
        "flexibleengine_vpc_eip_v1": {
          "version": 0,
          "block": {
            "attributes": {
              "bandwidth_id": {
                "type": "string",
                "description_kind": "plain",
                "computed": true
              },
              "bandwidth_share_type": {
                "type": "string",
                "description_kind": "plain",
                "computed": true
              },
              "bandwidth_size": {
                "type": "number",
                "description_kind": "plain",
                "computed": true
              },
              "id": {
                "type": "string",
                "description_kind": "plain",
                "optional": true,
                "computed": true
              },
              "port_id": {
                "type": "string",
                "description_kind": "plain",
                "optional": true
              },
              "private_ip": {
                "type": "string",
                "description_kind": "plain",
                "computed": true
              },
              "public_ip": {
                "type": "string",
                "description_kind": "plain",
                "optional": true
              },
              "region": {
                "type": "string",
                "description_kind": "plain",
                "optional": true,
                "computed": true
              },
              "status": {
                "type": "string",
                "description_kind": "plain",
                "computed": true
              },
              "type": {
                "type": "string",
                "description_kind": "plain",
                "computed": true
              }
            },
            "description_kind": "plain"
          }
        },
        "flexibleengine_vpc_peering_connection_v2": {
          "version": 0,
          "block": {
            "attributes": {
              "id": {
                "type": "string",
                "description_kind": "plain",
                "optional": true
              },
              "name": {
                "type": "string",
                "description_kind": "plain",
                "optional": true
              },
              "peer_tenant_id": {
                "type": "string",
                "description_kind": "plain",
                "optional": true
              },
              "peer_vpc_id": {
                "type": "string",
                "description_kind": "plain",
                "optional": true
              },
              "region": {
                "type": "string",
                "description_kind": "plain",
                "optional": true,
                "computed": true
              },
              "status": {
                "type": "string",
                "description_kind": "plain",
                "optional": true
              },
              "vpc_id": {
                "type": "string",
                "description_kind": "plain",
                "optional": true
              }
            },
            "description_kind": "plain"
          }
        },
        "flexibleengine_vpc_route_ids_v2": {
          "version": 0,
          "block": {
            "attributes": {
              "id": {
                "type": "string",
                "description_kind": "plain",
                "optional": true,
                "computed": true
              },
              "ids": {
                "type": [
                  "set",
                  "string"
                ],
                "description_kind": "plain",
                "computed": true
              },
              "region": {
                "type": "string",
                "description_kind": "plain",
                "optional": true,
                "computed": true
              },
              "vpc_id": {
                "type": "string",
                "description_kind": "plain",
                "required": true
              }
            },
            "description_kind": "plain"
          }
        },
        "flexibleengine_vpc_route_table": {
          "version": 0,
          "block": {
            "attributes": {
              "default": {
                "type": "bool",
                "description_kind": "plain",
                "computed": true
              },
              "description": {
                "type": "string",
                "description_kind": "plain",
                "computed": true
              },
              "id": {
                "type": "string",
                "description_kind": "plain",
                "optional": true,
                "computed": true
              },
              "name": {
                "type": "string",
                "description_kind": "plain",
                "optional": true,
                "computed": true
              },
              "region": {
                "type": "string",
                "description_kind": "plain",
                "optional": true,
                "computed": true
              },
              "route": {
                "type": [
                  "list",
                  [
                    "object",
                    {
                      "description": "string",
                      "destination": "string",
                      "nexthop": "string",
                      "type": "string"
                    }
                  ]
                ],
                "description_kind": "plain",
                "computed": true
              },
              "subnets": {
                "type": [
                  "list",
                  "string"
                ],
                "description_kind": "plain",
                "computed": true
              },
              "vpc_id": {
                "type": "string",
                "description_kind": "plain",
                "required": true
              }
            },
            "description_kind": "plain"
          }
        },
        "flexibleengine_vpc_route_v2": {
          "version": 0,
          "block": {
            "attributes": {
              "destination": {
                "type": "string",
                "description_kind": "plain",
                "optional": true
              },
              "id": {
                "type": "string",
                "description_kind": "plain",
                "optional": true
              },
              "nexthop": {
                "type": "string",
                "description_kind": "plain",
                "optional": true
              },
              "region": {
                "type": "string",
                "description_kind": "plain",
                "optional": true,
                "computed": true
              },
              "tenant_id": {
                "type": "string",
                "description_kind": "plain",
                "optional": true
              },
              "type": {
                "type": "string",
                "description_kind": "plain",
                "optional": true
              },
              "vpc_id": {
                "type": "string",
                "description_kind": "plain",
                "optional": true
              }
            },
            "description_kind": "plain"
          }
        },
        "flexibleengine_vpc_subnet_ids_v1": {
          "version": 0,
          "block": {
            "attributes": {
              "id": {
                "type": "string",
                "description_kind": "plain",
                "optional": true,
                "computed": true
              },
              "ids": {
                "type": [
                  "set",
                  "string"
                ],
                "description_kind": "plain",
                "computed": true
              },
              "region": {
                "type": "string",
                "description_kind": "plain",
                "optional": true,
                "computed": true
              },
              "vpc_id": {
                "type": "string",
                "description_kind": "plain",
                "required": true
              }
            },
            "description_kind": "plain"
          }
        },
        "flexibleengine_vpc_subnet_v1": {
          "version": 0,
          "block": {
            "attributes": {
              "availability_zone": {
                "type": "string",
                "description_kind": "plain",
                "optional": true
              },
              "cidr": {
                "type": "string",
                "description_kind": "plain",
                "optional": true
              },
              "dhcp_enable": {
                "type": "bool",
                "description_kind": "plain",
                "computed": true
              },
              "dns_list": {
                "type": [
                  "set",
                  "string"
                ],
                "description_kind": "plain",
                "computed": true
              },
              "gateway_ip": {
                "type": "string",
                "description_kind": "plain",
                "optional": true
              },
              "id": {
                "type": "string",
                "description_kind": "plain",
                "optional": true,
                "computed": true
              },
              "ipv4_subnet_id": {
                "type": "string",
                "description_kind": "plain",
                "computed": true
              },
              "ipv6_cidr": {
                "type": "string",
                "description_kind": "plain",
                "computed": true
              },
              "ipv6_enable": {
                "type": "bool",
                "description_kind": "plain",
                "computed": true
              },
              "ipv6_gateway": {
                "type": "string",
                "description_kind": "plain",
                "computed": true
              },
              "ipv6_subnet_id": {
                "type": "string",
                "description_kind": "plain",
                "computed": true
              },
              "name": {
                "type": "string",
                "description_kind": "plain",
                "optional": true
              },
              "primary_dns": {
                "type": "string",
                "description_kind": "plain",
                "optional": true
              },
              "region": {
                "type": "string",
                "description_kind": "plain",
                "optional": true,
                "computed": true
              },
              "secondary_dns": {
                "type": "string",
                "description_kind": "plain",
                "optional": true
              },
              "status": {
                "type": "string",
                "description_kind": "plain",
                "optional": true
              },
              "subnet_id": {
                "type": "string",
                "description": "schema: Deprecated",
                "description_kind": "plain",
                "computed": true
              },
              "vpc_id": {
                "type": "string",
                "description_kind": "plain",
                "optional": true
              }
            },
            "description_kind": "plain"
          }
        },
        "flexibleengine_vpc_v1": {
          "version": 0,
          "block": {
            "attributes": {
              "cidr": {
                "type": "string",
                "description_kind": "plain",
                "optional": true
              },
              "id": {
                "type": "string",
                "description_kind": "plain",
                "optional": true
              },
              "name": {
                "type": "string",
                "description_kind": "plain",
                "optional": true
              },
              "region": {
                "type": "string",
                "description_kind": "plain",
                "optional": true,
                "computed": true
              },
              "routes": {
                "type": [
                  "list",
                  [
                    "object",
                    {
                      "destination": "string",
                      "nexthop": "string"
                    }
                  ]
                ],
                "description_kind": "plain",
                "computed": true
              },
              "shared": {
                "type": "bool",
                "description_kind": "plain",
                "optional": true
              },
              "status": {
                "type": "string",
                "description_kind": "plain",
                "optional": true
              }
            },
            "description_kind": "plain"
          }
        },
        "flexibleengine_vpcep_endpoints": {
          "version": 0,
          "block": {
            "attributes": {
              "endpoint_id": {
                "type": "string",
                "description_kind": "plain",
                "optional": true
              },
              "endpoints": {
                "type": [
                  "list",
                  [
                    "object",
                    {
                      "created_at": "string",
                      "enable_dns": "bool",
                      "enable_whitelist": "bool",
                      "id": "string",
                      "ip_address": "string",
                      "network_id": "string",
                      "packet_id": "number",
                      "private_domain_name": "string",
                      "project_id": "string",
                      "service_id": "string",
                      "service_name": "string",
                      "service_type": "string",
                      "status": "string",
                      "tags": [
                        "list",
                        [
                          "object",
                          {
                            "key": "string",
                            "value": "string"
                          }
                        ]
                      ],
                      "updated_at": "string",
                      "vpc_id": "string",
                      "whitelist": [
                        "list",
                        "string"
                      ]
                    }
                  ]
                ],
                "description_kind": "plain",
                "computed": true
              },
              "id": {
                "type": "string",
                "description_kind": "plain",
                "optional": true,
                "computed": true
              },
              "service_name": {
                "type": "string",
                "description_kind": "plain",
                "optional": true
              },
              "vpc_id": {
                "type": "string",
                "description_kind": "plain",
                "optional": true
              }
            },
            "description_kind": "plain"
          }
        },
        "flexibleengine_vpcep_public_services": {
          "version": 0,
          "block": {
            "attributes": {
              "id": {
                "type": "string",
                "description_kind": "plain",
                "optional": true,
                "computed": true
              },
              "region": {
                "type": "string",
                "description_kind": "plain",
                "optional": true,
                "computed": true
              },
              "service_id": {
                "type": "string",
                "description_kind": "plain",
                "optional": true
              },
              "service_name": {
                "type": "string",
                "description_kind": "plain",
                "optional": true
              },
              "services": {
                "type": [
                  "list",
                  [
                    "object",
                    {
                      "id": "string",
                      "is_charge": "bool",
                      "owner": "string",
                      "service_name": "string",
                      "service_type": "string"
                    }
                  ]
                ],
                "description_kind": "plain",
                "computed": true
              }
            },
            "description_kind": "plain"
          }
        },
        "flexibleengine_waf_dedicated_instances": {
          "version": 0,
          "block": {
            "attributes": {
              "enterprise_project_id": {
                "type": "string",
                "description_kind": "plain",
                "optional": true
              },
              "id": {
                "type": "string",
                "description_kind": "plain",
                "optional": true,
                "computed": true
              },
              "instances": {
                "type": [
                  "list",
                  [
                    "object",
                    {
                      "access_status": "number",
                      "available_zone": "string",
                      "cpu_architecture": "string",
                      "cpu_flavor": "string",
                      "group_id": "string",
                      "id": "string",
                      "name": "string",
                      "run_status": "number",
                      "security_group": [
                        "list",
                        "string"
                      ],
                      "server_id": "string",
                      "service_ip": "string",
                      "subnet_id": "string",
                      "upgradable": "number",
                      "vpc_id": "string"
                    }
                  ]
                ],
                "description_kind": "plain",
                "computed": true
              },
              "name": {
                "type": "string",
                "description_kind": "plain",
                "optional": true
              },
              "region": {
                "type": "string",
                "description_kind": "plain",
                "optional": true,
                "computed": true
              }
            },
            "description_kind": "plain"
          }
        }
      }
    }
  }
}
