{
  "format_version": "1.0",
  "provider_schemas": {
    "registry.terraform.io/heroku/heroku": {
      "provider": {
        "version": 0,
        "block": {
          "attributes": {
            "api_key": {
              "type": "string",
              "description_kind": "plain",
              "optional": true
            },
            "email": {
              "type": "string",
              "description_kind": "plain",
              "optional": true
            },
            "headers": {
              "type": "string",
              "description_kind": "plain",
              "optional": true
            },
            "url": {
              "type": "string",
              "description_kind": "plain",
              "optional": true
            }
          },
          "block_types": {
            "customizations": {
              "nesting_mode": "list",
              "block": {
                "attributes": {
                  "set_addon_config_vars_in_state": {
                    "type": "bool",
                    "description_kind": "plain",
                    "optional": true
                  },
                  "set_app_all_config_vars_in_state": {
                    "type": "bool",
                    "description_kind": "plain",
                    "optional": true
                  }
                },
                "description_kind": "plain"
              },
              "max_items": 2
            },
            "delays": {
              "nesting_mode": "list",
              "block": {
                "attributes": {
                  "post_app_create_delay": {
                    "type": "number",
                    "description_kind": "plain",
                    "optional": true
                  },
                  "post_domain_create_delay": {
                    "type": "number",
                    "description_kind": "plain",
                    "optional": true
                  },
                  "post_space_create_delay": {
                    "type": "number",
                    "description_kind": "plain",
                    "optional": true
                  }
                },
                "description_kind": "plain"
              },
              "max_items": 1
            },
            "timeouts": {
              "nesting_mode": "list",
              "block": {
                "attributes": {
                  "addon_create_timeout": {
                    "type": "number",
                    "description_kind": "plain",
                    "optional": true
                  }
                },
                "description_kind": "plain"
              },
              "max_items": 1
            }
          },
          "description_kind": "plain"
        }
      },
      "resource_schemas": {
        "heroku_account_feature": {
          "version": 0,
          "block": {
            "attributes": {
              "description": {
                "type": "string",
                "description_kind": "plain",
                "computed": true
              },
              "enabled": {
                "type": "bool",
                "description_kind": "plain",
                "required": true
              },
              "id": {
                "type": "string",
                "description_kind": "plain",
                "optional": true,
                "computed": true
              },
              "name": {
                "type": "string",
                "description_kind": "plain",
                "required": true
              },
              "state": {
                "type": "string",
                "description_kind": "plain",
                "computed": true
              }
            },
            "description_kind": "plain"
          }
        },
        "heroku_addon": {
          "version": 3,
          "block": {
            "attributes": {
              "app_id": {
                "type": "string",
                "description_kind": "plain",
                "required": true
              },
              "config": {
                "type": [
                  "map",
                  "string"
                ],
                "description_kind": "plain",
                "optional": true
              },
              "config_var_values": {
                "type": [
                  "map",
                  "string"
                ],
                "description_kind": "plain",
                "computed": true,
                "sensitive": true
              },
              "config_vars": {
                "type": [
                  "list",
                  "string"
                ],
                "description_kind": "plain",
                "computed": true
              },
              "id": {
                "type": "string",
                "description_kind": "plain",
                "optional": true,
                "computed": true
              },
              "name": {
                "type": "string",
                "description_kind": "plain",
                "optional": true,
                "computed": true
              },
              "plan": {
                "type": "string",
                "description_kind": "plain",
                "required": true
              },
              "provider_id": {
                "type": "string",
                "description_kind": "plain",
                "computed": true
              }
            },
            "description_kind": "plain"
          }
        },
        "heroku_addon_attachment": {
          "version": 1,
          "block": {
            "attributes": {
              "addon_id": {
                "type": "string",
                "description_kind": "plain",
                "required": true
              },
              "app_id": {
                "type": "string",
                "description_kind": "plain",
                "required": true
              },
              "id": {
                "type": "string",
                "description_kind": "plain",
                "optional": true,
                "computed": true
              },
              "name": {
                "type": "string",
                "description_kind": "plain",
                "optional": true,
                "computed": true
              },
              "namespace": {
                "type": "string",
                "description_kind": "plain",
                "optional": true,
                "computed": true
              }
            },
            "description_kind": "plain"
          }
        },
        "heroku_app": {
          "version": 1,
          "block": {
            "attributes": {
              "acm": {
                "type": "bool",
                "description_kind": "plain",
                "optional": true,
                "computed": true
              },
              "all_config_vars": {
                "type": [
                  "map",
                  "string"
                ],
                "description_kind": "plain",
                "computed": true,
                "sensitive": true
              },
              "buildpacks": {
                "type": [
                  "list",
                  "string"
                ],
                "description_kind": "plain",
                "optional": true,
                "computed": true
              },
              "config_vars": {
                "type": [
                  "map",
                  "string"
                ],
                "description_kind": "plain",
                "optional": true,
                "computed": true
              },
              "git_url": {
                "type": "string",
                "description_kind": "plain",
                "computed": true
              },
              "heroku_hostname": {
                "type": "string",
                "description_kind": "plain",
                "computed": true
              },
              "id": {
                "type": "string",
                "description_kind": "plain",
                "optional": true,
                "computed": true
              },
              "internal_routing": {
                "type": "bool",
                "description_kind": "plain",
                "optional": true,
                "computed": true
              },
              "name": {
                "type": "string",
                "description_kind": "plain",
                "required": true
              },
              "region": {
                "type": "string",
                "description_kind": "plain",
                "required": true
              },
              "sensitive_config_vars": {
                "type": [
                  "map",
                  "string"
                ],
                "description_kind": "plain",
                "optional": true,
                "computed": true,
                "sensitive": true
              },
              "space": {
                "type": "string",
                "description_kind": "plain",
                "optional": true
              },
              "stack": {
                "type": "string",
                "description_kind": "plain",
                "optional": true,
                "computed": true
              },
              "uuid": {
                "type": "string",
                "description_kind": "plain",
                "computed": true
              },
              "web_url": {
                "type": "string",
                "description_kind": "plain",
                "computed": true
              }
            },
            "block_types": {
              "organization": {
                "nesting_mode": "list",
                "block": {
                  "attributes": {
                    "locked": {
                      "type": "bool",
                      "description_kind": "plain",
                      "optional": true,
                      "computed": true
                    },
                    "name": {
                      "type": "string",
                      "description_kind": "plain",
                      "required": true
                    },
                    "personal": {
                      "type": "bool",
                      "description_kind": "plain",
                      "optional": true,
                      "computed": true
                    }
                  },
                  "description_kind": "plain"
                },
                "max_items": 1
              }
            },
            "description_kind": "plain"
          }
        },
        "heroku_app_config_association": {
          "version": 0,
          "block": {
            "attributes": {
              "app_id": {
                "type": "string",
                "description_kind": "plain",
                "required": true
              },
              "id": {
                "type": "string",
                "description_kind": "plain",
                "optional": true,
                "computed": true
              },
              "sensitive_vars": {
                "type": [
                  "map",
                  "string"
                ],
                "description_kind": "plain",
                "optional": true,
                "sensitive": true
              },
              "vars": {
                "type": [
                  "map",
                  "string"
                ],
                "description_kind": "plain",
                "optional": true
              }
            },
            "description_kind": "plain"
          }
        },
        "heroku_app_feature": {
          "version": 1,
          "block": {
            "attributes": {
              "app_id": {
                "type": "string",
                "description_kind": "plain",
                "required": true
              },
              "enabled": {
                "type": "bool",
                "description_kind": "plain",
                "optional": true
              },
              "id": {
                "type": "string",
                "description_kind": "plain",
                "optional": true,
                "computed": true
              },
              "name": {
                "type": "string",
                "description_kind": "plain",
                "required": true
              }
            },
            "description_kind": "plain"
          }
        },
        "heroku_app_release": {
          "version": 1,
          "block": {
            "attributes": {
              "app_id": {
                "type": "string",
                "description_kind": "plain",
                "required": true
              },
              "description": {
                "type": "string",
                "description_kind": "plain",
                "optional": true,
                "computed": true
              },
              "id": {
                "type": "string",
                "description_kind": "plain",
                "optional": true,
                "computed": true
              },
              "slug_id": {
                "type": "string",
                "description_kind": "plain",
                "required": true
              }
            },
            "description_kind": "plain"
          }
        },
        "heroku_app_webhook": {
          "version": 0,
          "block": {
            "attributes": {
              "app_id": {
                "type": "string",
                "description_kind": "plain",
                "required": true
              },
              "authorization": {
                "type": "string",
                "description_kind": "plain",
                "optional": true,
                "sensitive": true
              },
              "id": {
                "type": "string",
                "description_kind": "plain",
                "optional": true,
                "computed": true
              },
              "include": {
                "type": [
                  "list",
                  "string"
                ],
                "description_kind": "plain",
                "required": true
              },
              "level": {
                "type": "string",
                "description_kind": "plain",
                "required": true
              },
              "secret": {
                "type": "string",
                "description_kind": "plain",
                "optional": true,
                "sensitive": true
              },
              "url": {
                "type": "string",
                "description_kind": "plain",
                "required": true
              }
            },
            "description_kind": "plain"
          }
        },
        "heroku_build": {
          "version": 1,
          "block": {
            "attributes": {
              "app_id": {
                "type": "string",
                "description_kind": "plain",
                "required": true
              },
              "buildpacks": {
                "type": [
                  "list",
                  "string"
                ],
                "description_kind": "plain",
                "optional": true,
                "computed": true
              },
              "id": {
                "type": "string",
                "description_kind": "plain",
                "optional": true,
                "computed": true
              },
              "local_checksum": {
                "type": "string",
                "description_kind": "plain",
                "computed": true
              },
              "output_stream_url": {
                "type": "string",
                "description_kind": "plain",
                "computed": true
              },
              "release_id": {
                "type": "string",
                "description_kind": "plain",
                "computed": true
              },
              "slug_id": {
                "type": "string",
                "description_kind": "plain",
                "computed": true
              },
              "stack": {
                "type": "string",
                "description_kind": "plain",
                "computed": true
              },
              "status": {
                "type": "string",
                "description_kind": "plain",
                "computed": true
              },
              "user": {
                "type": [
                  "list",
                  [
                    "object",
                    {
                      "email": "string",
                      "id": "string"
                    }
                  ]
                ],
                "description_kind": "plain",
                "computed": true
              },
              "uuid": {
                "type": "string",
                "description_kind": "plain",
                "computed": true
              }
            },
            "block_types": {
              "source": {
                "nesting_mode": "list",
                "block": {
                  "attributes": {
                    "checksum": {
                      "type": "string",
                      "description_kind": "plain",
                      "optional": true,
                      "computed": true
                    },
                    "path": {
                      "type": "string",
                      "description_kind": "plain",
                      "optional": true
                    },
                    "url": {
                      "type": "string",
                      "description_kind": "plain",
                      "optional": true
                    },
                    "version": {
                      "type": "string",
                      "description_kind": "plain",
                      "optional": true
                    }
                  },
                  "description_kind": "plain"
                },
                "min_items": 1,
                "max_items": 1
              }
            },
            "description_kind": "plain"
          }
        },
        "heroku_cert": {
          "version": 0,
          "block": {
            "attributes": {
              "app": {
                "type": "string",
                "description_kind": "plain",
                "required": true
              },
              "certificate_chain": {
                "type": "string",
                "description_kind": "plain",
                "required": true
              },
              "cname": {
                "type": "string",
                "description_kind": "plain",
                "computed": true
              },
              "id": {
                "type": "string",
                "description_kind": "plain",
                "optional": true,
                "computed": true
              },
              "name": {
                "type": "string",
                "description_kind": "plain",
                "computed": true
              },
              "private_key": {
                "type": "string",
                "description_kind": "plain",
                "required": true,
                "sensitive": true
              }
            },
            "description_kind": "plain",
            "deprecated": true
          }
        },
        "heroku_collaborator": {
          "version": 1,
          "block": {
            "attributes": {
              "app_id": {
                "type": "string",
                "description_kind": "plain",
                "required": true
              },
              "email": {
                "type": "string",
                "description_kind": "plain",
                "required": true
              },
              "id": {
                "type": "string",
                "description_kind": "plain",
                "optional": true,
                "computed": true
              }
            },
            "description_kind": "plain"
          }
        },
        "heroku_config": {
          "version": 0,
          "block": {
            "attributes": {
              "id": {
                "type": "string",
                "description_kind": "plain",
                "optional": true,
                "computed": true
              },
              "sensitive_vars": {
                "type": [
                  "map",
                  "string"
                ],
                "description_kind": "plain",
                "optional": true,
                "sensitive": true
              },
              "vars": {
                "type": [
                  "map",
                  "string"
                ],
                "description_kind": "plain",
                "optional": true
              }
            },
            "description_kind": "plain"
          }
        },
        "heroku_domain": {
          "version": 1,
          "block": {
            "attributes": {
              "app_id": {
                "type": "string",
                "description_kind": "plain",
                "required": true
              },
              "cname": {
                "type": "string",
                "description_kind": "plain",
                "computed": true
              },
              "hostname": {
                "type": "string",
                "description_kind": "plain",
                "required": true
              },
              "id": {
                "type": "string",
                "description_kind": "plain",
                "optional": true,
                "computed": true
              },
              "sni_endpoint_id": {
                "type": "string",
                "description_kind": "plain",
                "optional": true
              }
            },
            "description_kind": "plain"
          }
        },
        "heroku_drain": {
          "version": 1,
          "block": {
            "attributes": {
              "app_id": {
                "type": "string",
                "description_kind": "plain",
                "required": true
              },
              "id": {
                "type": "string",
                "description_kind": "plain",
                "optional": true,
                "computed": true
              },
              "sensitive_url": {
                "type": "string",
                "description_kind": "plain",
                "optional": true,
                "sensitive": true
              },
              "token": {
                "type": "string",
                "description_kind": "plain",
                "computed": true
              },
              "url": {
                "type": "string",
                "description_kind": "plain",
                "optional": true
              }
            },
            "description_kind": "plain"
          }
        },
        "heroku_formation": {
          "version": 1,
          "block": {
            "attributes": {
              "app_id": {
                "type": "string",
                "description_kind": "plain",
                "required": true
              },
              "id": {
                "type": "string",
                "description_kind": "plain",
                "optional": true,
                "computed": true
              },
              "quantity": {
                "type": "number",
                "description_kind": "plain",
                "required": true
              },
              "size": {
                "type": "string",
                "description_kind": "plain",
                "required": true
              },
              "type": {
                "type": "string",
                "description_kind": "plain",
                "required": true
              }
            },
            "description_kind": "plain"
          }
        },
        "heroku_pipeline": {
          "version": 0,
          "block": {
            "attributes": {
              "id": {
                "type": "string",
                "description_kind": "plain",
                "optional": true,
                "computed": true
              },
              "name": {
                "type": "string",
                "description_kind": "plain",
                "required": true
              }
            },
            "block_types": {
              "owner": {
                "nesting_mode": "list",
                "block": {
                  "attributes": {
                    "id": {
                      "type": "string",
                      "description_kind": "plain",
                      "required": true
                    },
                    "type": {
                      "type": "string",
                      "description_kind": "plain",
                      "required": true
                    }
                  },
                  "description_kind": "plain"
                },
                "max_items": 1
              }
            },
            "description_kind": "plain"
          }
        },
        "heroku_pipeline_config_var": {
          "version": 0,
          "block": {
            "attributes": {
              "all_vars": {
                "type": [
                  "map",
                  "string"
                ],
                "description_kind": "plain",
                "computed": true,
                "sensitive": true
              },
              "id": {
                "type": "string",
                "description_kind": "plain",
                "optional": true,
                "computed": true
              },
              "pipeline_id": {
                "type": "string",
                "description_kind": "plain",
                "required": true
              },
              "pipeline_stage": {
                "type": "string",
                "description_kind": "plain",
                "required": true
              },
              "sensitive_vars": {
                "type": [
                  "map",
                  "string"
                ],
                "description_kind": "plain",
                "optional": true,
                "sensitive": true
              },
              "vars": {
                "type": [
                  "map",
                  "string"
                ],
                "description_kind": "plain",
                "optional": true
              }
            },
            "description_kind": "plain"
          }
        },
        "heroku_pipeline_coupling": {
          "version": 1,
          "block": {
            "attributes": {
              "app_id": {
                "type": "string",
                "description_kind": "plain",
                "required": true
              },
              "id": {
                "type": "string",
                "description_kind": "plain",
                "optional": true,
                "computed": true
              },
              "pipeline": {
                "type": "string",
                "description_kind": "plain",
                "required": true
              },
              "stage": {
                "type": "string",
                "description_kind": "plain",
                "required": true
              }
            },
            "description_kind": "plain"
          }
        },
        "heroku_review_app_config": {
          "version": 0,
          "block": {
            "attributes": {
              "automatic_review_apps": {
                "type": "bool",
                "description_kind": "plain",
                "optional": true
              },
              "base_name": {
                "type": "string",
                "description_kind": "plain",
                "optional": true,
                "computed": true
              },
              "destroy_stale_apps": {
                "type": "bool",
                "description_kind": "plain",
                "optional": true
              },
              "id": {
                "type": "string",
                "description_kind": "plain",
                "optional": true,
                "computed": true
              },
              "org_repo": {
                "type": "string",
                "description_kind": "plain",
                "required": true
              },
              "pipeline_id": {
                "type": "string",
                "description_kind": "plain",
                "required": true
              },
              "repo_id": {
                "type": "number",
                "description_kind": "plain",
                "computed": true
              },
              "stale_days": {
                "type": "number",
                "description_kind": "plain",
                "optional": true,
                "computed": true
              },
              "wait_for_ci": {
                "type": "bool",
                "description_kind": "plain",
                "optional": true
              }
            },
            "block_types": {
              "deploy_target": {
                "nesting_mode": "list",
                "block": {
                  "attributes": {
                    "id": {
                      "type": "string",
                      "description_kind": "plain",
                      "required": true
                    },
                    "type": {
                      "type": "string",
                      "description_kind": "plain",
                      "required": true
                    }
                  },
                  "description_kind": "plain"
                },
                "min_items": 1,
                "max_items": 1
              }
            },
            "description_kind": "plain"
          }
        },
        "heroku_slug": {
          "version": 1,
          "block": {
            "attributes": {
              "app_id": {
                "type": "string",
                "description_kind": "plain",
                "required": true
              },
              "blob": {
                "type": [
                  "set",
                  [
                    "object",
                    {
                      "method": "string",
                      "url": "string"
                    }
                  ]
                ],
                "description_kind": "plain",
                "computed": true
              },
              "buildpack_provided_description": {
                "type": "string",
                "description_kind": "plain",
                "optional": true
              },
              "checksum": {
                "type": "string",
                "description_kind": "plain",
                "optional": true,
                "computed": true
              },
              "commit": {
                "type": "string",
                "description_kind": "plain",
                "optional": true
              },
              "commit_description": {
                "type": "string",
                "description_kind": "plain",
                "optional": true
              },
              "file_path": {
                "type": "string",
                "description_kind": "plain",
                "optional": true
              },
              "file_url": {
                "type": "string",
                "description_kind": "plain",
                "optional": true
              },
              "id": {
                "type": "string",
                "description_kind": "plain",
                "optional": true,
                "computed": true
              },
              "process_types": {
                "type": [
                  "map",
                  "string"
                ],
                "description_kind": "plain",
                "required": true
              },
              "size": {
                "type": "number",
                "description_kind": "plain",
                "computed": true
              },
              "stack": {
                "type": "string",
                "description_kind": "plain",
                "optional": true,
                "computed": true
              },
              "stack_id": {
                "type": "string",
                "description_kind": "plain",
                "computed": true
              }
            },
            "description_kind": "plain"
          }
        },
        "heroku_space": {
          "version": 0,
          "block": {
            "attributes": {
              "cidr": {
                "type": "string",
                "description_kind": "plain",
                "optional": true
              },
              "data_cidr": {
                "type": "string",
                "description_kind": "plain",
                "optional": true
              },
              "id": {
                "type": "string",
                "description_kind": "plain",
                "optional": true,
                "computed": true
              },
              "name": {
                "type": "string",
                "description_kind": "plain",
                "required": true
              },
              "organization": {
                "type": "string",
                "description_kind": "plain",
                "required": true
              },
              "outbound_ips": {
                "type": [
                  "list",
                  "string"
                ],
                "description_kind": "plain",
                "computed": true
              },
              "region": {
                "type": "string",
                "description_kind": "plain",
                "optional": true
              },
              "shield": {
                "type": "bool",
                "description_kind": "plain",
                "optional": true
              }
            },
            "description_kind": "plain"
          }
        },
        "heroku_space_app_access": {
          "version": 0,
          "block": {
            "attributes": {
              "email": {
                "type": "string",
                "description_kind": "plain",
                "required": true
              },
              "id": {
                "type": "string",
                "description_kind": "plain",
                "optional": true,
                "computed": true
              },
              "permissions": {
                "type": [
                  "set",
                  "string"
                ],
                "description_kind": "plain",
                "required": true
              },
              "space": {
                "type": "string",
                "description_kind": "plain",
                "required": true
              }
            },
            "description_kind": "plain"
          }
        },
        "heroku_space_inbound_ruleset": {
          "version": 0,
          "block": {
            "attributes": {
              "id": {
                "type": "string",
                "description_kind": "plain",
                "optional": true,
                "computed": true
              },
              "space": {
                "type": "string",
                "description_kind": "plain",
                "required": true
              }
            },
            "block_types": {
              "rule": {
                "nesting_mode": "set",
                "block": {
                  "attributes": {
                    "action": {
                      "type": "string",
                      "description_kind": "plain",
                      "required": true
                    },
                    "source": {
                      "type": "string",
                      "description_kind": "plain",
                      "required": true
                    }
                  },
                  "description_kind": "plain"
                },
                "min_items": 1
              }
            },
            "description_kind": "plain"
          }
        },
        "heroku_space_peering_connection_accepter": {
          "version": 0,
          "block": {
            "attributes": {
              "id": {
                "type": "string",
                "description_kind": "plain",
                "optional": true,
                "computed": true
              },
              "space": {
                "type": "string",
                "description_kind": "plain",
                "required": true
              },
              "status": {
                "type": "string",
                "description_kind": "plain",
                "computed": true
              },
              "type": {
                "type": "string",
                "description_kind": "plain",
                "computed": true
              },
              "vpc_peering_connection_id": {
                "type": "string",
                "description_kind": "plain",
                "required": true
              }
            },
            "description_kind": "plain"
          }
        },
        "heroku_space_vpn_connection": {
          "version": 0,
          "block": {
            "attributes": {
              "id": {
                "type": "string",
                "description_kind": "plain",
                "optional": true,
                "computed": true
              },
              "ike_version": {
                "type": "number",
                "description_kind": "plain",
                "computed": true
              },
              "name": {
                "type": "string",
                "description_kind": "plain",
                "required": true
              },
              "public_ip": {
                "type": "string",
                "description_kind": "plain",
                "required": true
              },
              "routable_cidrs": {
                "type": [
                  "set",
                  "string"
                ],
                "description_kind": "plain",
                "required": true
              },
              "space": {
                "type": "string",
                "description_kind": "plain",
                "required": true
              },
              "space_cidr_block": {
                "type": "string",
                "description_kind": "plain",
                "computed": true
              }
            },
            "block_types": {
              "timeouts": {
                "nesting_mode": "single",
                "block": {
                  "attributes": {
                    "create": {
                      "type": "string",
                      "description_kind": "plain",
                      "optional": true
                    }
                  },
                  "description_kind": "plain"
                }
              },
              "tunnels": {
                "nesting_mode": "list",
                "block": {
                  "attributes": {
                    "ip": {
                      "type": "string",
                      "description_kind": "plain",
                      "optional": true,
                      "computed": true
                    },
                    "pre_shared_key": {
                      "type": "string",
                      "description_kind": "plain",
                      "optional": true,
                      "computed": true
                    }
                  },
                  "description_kind": "plain"
                }
              }
            },
            "description_kind": "plain"
          }
        },
        "heroku_ssl": {
          "version": 0,
          "block": {
            "attributes": {
              "app_id": {
                "type": "string",
                "description_kind": "plain",
                "required": true
              },
              "certificate_chain": {
                "type": "string",
                "description_kind": "plain",
                "required": true
              },
              "id": {
                "type": "string",
                "description_kind": "plain",
                "optional": true,
                "computed": true
              },
              "name": {
                "type": "string",
                "description_kind": "plain",
                "computed": true
              },
              "private_key": {
                "type": "string",
                "description_kind": "plain",
                "optional": true,
                "sensitive": true
              }
            },
            "description_kind": "plain"
          }
        },
        "heroku_team_collaborator": {
          "version": 1,
          "block": {
            "attributes": {
              "app_id": {
                "type": "string",
                "description_kind": "plain",
                "required": true
              },
              "email": {
                "type": "string",
                "description_kind": "plain",
                "required": true
              },
              "id": {
                "type": "string",
                "description_kind": "plain",
                "optional": true,
                "computed": true
              },
              "permissions": {
                "type": [
                  "set",
                  "string"
                ],
                "description_kind": "plain",
                "required": true
              }
            },
            "description_kind": "plain"
          }
        },
        "heroku_team_member": {
          "version": 0,
          "block": {
            "attributes": {
              "email": {
                "type": "string",
                "description_kind": "plain",
                "required": true
              },
              "federated": {
                "type": "bool",
                "description_kind": "plain",
                "optional": true
              },
              "id": {
                "type": "string",
                "description_kind": "plain",
                "optional": true,
                "computed": true
              },
              "role": {
                "type": "string",
                "description_kind": "plain",
                "required": true
              },
              "team": {
                "type": "string",
                "description_kind": "plain",
                "required": true
              }
            },
            "description_kind": "plain"
          }
        }
      },
      "data_source_schemas": {
        "heroku_addon": {
          "version": 3,
          "block": {
            "attributes": {
              "app_id": {
                "type": "string",
                "description_kind": "plain",
                "computed": true
              },
              "config_vars": {
                "type": [
                  "list",
                  "string"
                ],
                "description_kind": "plain",
                "computed": true
              },
              "id": {
                "type": "string",
                "description_kind": "plain",
                "computed": true
              },
              "name": {
                "type": "string",
                "description_kind": "plain",
                "required": true
              },
              "plan": {
                "type": "string",
                "description_kind": "plain",
                "computed": true
              },
              "provider_id": {
                "type": "string",
                "description_kind": "plain",
                "computed": true
              }
            },
            "description_kind": "plain"
          }
        },
        "heroku_app": {
          "version": 1,
          "block": {
            "attributes": {
              "acm": {
                "type": "bool",
                "description_kind": "plain",
                "computed": true
              },
              "buildpacks": {
                "type": [
                  "list",
                  "string"
                ],
                "description_kind": "plain",
                "computed": true
              },
              "config_vars": {
                "type": [
                  "map",
                  "string"
                ],
                "description_kind": "plain",
                "computed": true
              },
              "git_url": {
                "type": "string",
                "description_kind": "plain",
                "computed": true
              },
              "heroku_hostname": {
                "type": "string",
                "description_kind": "plain",
                "computed": true
              },
              "id": {
                "type": "string",
                "description_kind": "plain",
                "optional": true,
                "computed": true
              },
              "internal_routing": {
                "type": "bool",
                "description_kind": "plain",
                "computed": true
              },
              "name": {
                "type": "string",
                "description_kind": "plain",
                "required": true
              },
              "organization": {
                "type": [
                  "list",
                  [
                    "object",
                    {
                      "locked": "bool",
                      "name": "string",
                      "personal": "bool"
                    }
                  ]
                ],
                "description_kind": "plain",
                "computed": true
              },
              "region": {
                "type": "string",
                "description_kind": "plain",
                "computed": true
              },
              "space": {
                "type": "string",
                "description_kind": "plain",
                "computed": true
              },
              "stack": {
                "type": "string",
                "description_kind": "plain",
                "computed": true
              },
              "uuid": {
                "type": "string",
                "description_kind": "plain",
                "computed": true
              },
              "web_url": {
                "type": "string",
                "description_kind": "plain",
                "computed": true
              }
            },
            "description_kind": "plain"
          }
        },
        "heroku_pipeline": {
          "version": 0,
          "block": {
            "attributes": {
              "id": {
                "type": "string",
                "description_kind": "plain",
                "optional": true,
                "computed": true
              },
              "name": {
                "type": "string",
                "description_kind": "plain",
                "required": true
              },
              "owner_id": {
                "type": "string",
                "description_kind": "plain",
                "computed": true
              },
              "owner_type": {
                "type": "string",
                "description_kind": "plain",
                "computed": true
              }
            },
            "description_kind": "plain"
          }
        },
        "heroku_space": {
          "version": 0,
          "block": {
            "attributes": {
              "cidr": {
                "type": "string",
                "description_kind": "plain",
                "optional": true,
                "computed": true
              },
              "data_cidr": {
                "type": "string",
                "description_kind": "plain",
                "optional": true,
                "computed": true
              },
              "id": {
                "type": "string",
                "description_kind": "plain",
                "optional": true,
                "computed": true
              },
              "name": {
                "type": "string",
                "description_kind": "plain",
                "required": true
              },
              "organization": {
                "type": "string",
                "description_kind": "plain",
                "computed": true
              },
              "outbound_ips": {
                "type": [
                  "list",
                  "string"
                ],
                "description_kind": "plain",
                "computed": true
              },
              "region": {
                "type": "string",
                "description_kind": "plain",
                "computed": true
              },
              "shield": {
                "type": "bool",
                "description_kind": "plain",
                "computed": true
              },
              "state": {
                "type": "string",
                "description_kind": "plain",
                "computed": true
              }
            },
            "description_kind": "plain"
          }
        },
        "heroku_space_peering_info": {
          "version": 0,
          "block": {
            "attributes": {
              "aws_account_id": {
                "type": "string",
                "description_kind": "plain",
                "computed": true
              },
              "aws_region": {
                "type": "string",
                "description_kind": "plain",
                "computed": true
              },
              "dyno_cidr_blocks": {
                "type": [
                  "list",
                  "string"
                ],
                "description_kind": "plain",
                "computed": true
              },
              "id": {
                "type": "string",
                "description_kind": "plain",
                "optional": true,
                "computed": true
              },
              "name": {
                "type": "string",
                "description_kind": "plain",
                "required": true
              },
              "unavailable_cidr_blocks": {
                "type": [
                  "list",
                  "string"
                ],
                "description_kind": "plain",
                "computed": true
              },
              "vpc_cidr": {
                "type": "string",
                "description_kind": "plain",
                "computed": true
              },
              "vpc_id": {
                "type": "string",
                "description_kind": "plain",
                "computed": true
              }
            },
            "description_kind": "plain"
          }
        },
        "heroku_team": {
          "version": 0,
          "block": {
            "attributes": {
              "default": {
                "type": "bool",
                "description_kind": "plain",
                "computed": true
              },
              "id": {
                "type": "string",
                "description_kind": "plain",
                "optional": true,
                "computed": true
              },
              "membership_limit": {
                "type": "number",
                "description_kind": "plain",
                "computed": true
              },
              "name": {
                "type": "string",
                "description_kind": "plain",
                "required": true
              },
              "provisioned_licenses": {
                "type": "bool",
                "description_kind": "plain",
                "computed": true
              },
              "type": {
                "type": "string",
                "description_kind": "plain",
                "computed": true
              }
            },
            "description_kind": "plain"
          }
        },
        "heroku_team_members": {
          "version": 0,
          "block": {
            "attributes": {
              "id": {
                "type": "string",
                "description_kind": "plain",
                "optional": true,
                "computed": true
              },
              "members": {
                "type": [
                  "list",
                  [
                    "object",
                    {
                      "email": "string",
                      "federated": "bool",
                      "role": "string",
                      "team_member_id": "string",
                      "two_factor_authentication": "bool",
                      "user_id": "string"
                    }
                  ]
                ],
                "description_kind": "plain",
                "computed": true
              },
              "roles": {
                "type": [
                  "list",
                  "string"
                ],
                "description_kind": "plain",
                "required": true
              },
              "team": {
                "type": "string",
                "description_kind": "plain",
                "required": true
              }
            },
            "description_kind": "plain"
          }
        }
      }
    }
  }
}
