{
  "format_version": "1.0",
  "provider_schemas": {
    "registry.terraform.io/huaweicloud/huaweicloudstack": {
      "provider": {
        "version": 0,
        "block": {
          "attributes": {
            "access_key": {
              "type": "string",
              "description": "The access key for API operations. You can retrieve this\nfrom the 'My Credential' section of the console.",
              "description_kind": "plain",
              "deprecated": true,
              "optional": true
            },
            "auth_url": {
              "type": "string",
              "description": "The Identity authentication URL.",
              "description_kind": "plain",
              "required": true
            },
            "cacert_file": {
              "type": "string",
              "description": "A Custom CA certificate.",
              "description_kind": "plain",
              "optional": true
            },
            "cert": {
              "type": "string",
              "description": "A client certificate to authenticate with.",
              "description_kind": "plain",
              "optional": true
            },
            "domain_id": {
              "type": "string",
              "description": "The ID of the Domain to scope to (Identity v3).",
              "description_kind": "plain",
              "optional": true
            },
            "domain_name": {
              "type": "string",
              "description": "The name of the Domain to scope to (Identity v3).",
              "description_kind": "plain",
              "optional": true
            },
            "endpoint_type": {
              "type": "string",
              "description_kind": "plain",
              "optional": true
            },
            "endpoints": {
              "type": [
                "map",
                "string"
              ],
              "description_kind": "plain",
              "optional": true
            },
            "insecure": {
              "type": "bool",
              "description": "Trust self-signed certificates.",
              "description_kind": "plain",
              "optional": true
            },
            "key": {
              "type": "string",
              "description": "A client private key to authenticate with.",
              "description_kind": "plain",
              "optional": true
            },
            "password": {
              "type": "string",
              "description": "Password to login with.",
              "description_kind": "plain",
              "optional": true,
              "sensitive": true
            },
            "region": {
              "type": "string",
              "description": "The HuaweiCloudStack region to connect to.",
              "description_kind": "plain",
              "required": true
            },
            "secret_key": {
              "type": "string",
              "description": "The secret key for API operations. You can retrieve this\nfrom the 'My Credential' section of the console.",
              "description_kind": "plain",
              "deprecated": true,
              "optional": true
            },
            "tenant_id": {
              "type": "string",
              "description": "The ID of the Tenant (Identity v2) or Project (Identity v3)\nto login with.",
              "description_kind": "plain",
              "optional": true
            },
            "tenant_name": {
              "type": "string",
              "description": "The name of the Tenant (Identity v2) or Project (Identity v3)\nto login with.",
              "description_kind": "plain",
              "optional": true
            },
            "token": {
              "type": "string",
              "description": "Authentication token to use as an alternative to username/password.",
              "description_kind": "plain",
              "optional": true
            },
            "user_id": {
              "type": "string",
              "description": "Username to login with.",
              "description_kind": "plain",
              "optional": true
            },
            "user_name": {
              "type": "string",
              "description": "Username to login with.",
              "description_kind": "plain",
              "optional": true
            }
          },
          "description_kind": "plain"
        }
      },
      "resource_schemas": {
        "huaweicloudstack_as_configuration_v1": {
          "version": 0,
          "block": {
            "attributes": {
              "id": {
                "type": "string",
                "description_kind": "plain",
                "optional": true,
                "computed": true
              },
              "region": {
                "type": "string",
                "description_kind": "plain",
                "optional": true,
                "computed": true
              },
              "scaling_configuration_name": {
                "type": "string",
                "description_kind": "plain",
                "required": true
              }
            },
            "block_types": {
              "instance_config": {
                "nesting_mode": "list",
                "block": {
                  "attributes": {
                    "flavor": {
                      "type": "string",
                      "description_kind": "plain",
                      "optional": true
                    },
                    "image": {
                      "type": "string",
                      "description_kind": "plain",
                      "optional": true
                    },
                    "instance_id": {
                      "type": "string",
                      "description_kind": "plain",
                      "optional": true
                    },
                    "key_name": {
                      "type": "string",
                      "description_kind": "plain",
                      "required": true
                    },
                    "metadata": {
                      "type": [
                        "map",
                        "string"
                      ],
                      "description_kind": "plain",
                      "optional": true
                    },
                    "user_data": {
                      "type": "string",
                      "description_kind": "plain",
                      "optional": true
                    }
                  },
                  "block_types": {
                    "disk": {
                      "nesting_mode": "list",
                      "block": {
                        "attributes": {
                          "disk_type": {
                            "type": "string",
                            "description_kind": "plain",
                            "required": true
                          },
                          "size": {
                            "type": "number",
                            "description_kind": "plain",
                            "required": true
                          },
                          "volume_type": {
                            "type": "string",
                            "description_kind": "plain",
                            "required": true
                          }
                        },
                        "description_kind": "plain"
                      }
                    },
                    "personality": {
                      "nesting_mode": "list",
                      "block": {
                        "attributes": {
                          "content": {
                            "type": "string",
                            "description_kind": "plain",
                            "required": true
                          },
                          "path": {
                            "type": "string",
                            "description_kind": "plain",
                            "required": true
                          }
                        },
                        "description_kind": "plain"
                      },
                      "max_items": 5
                    },
                    "public_ip": {
                      "nesting_mode": "list",
                      "block": {
                        "block_types": {
                          "eip": {
                            "nesting_mode": "list",
                            "block": {
                              "attributes": {
                                "ip_type": {
                                  "type": "string",
                                  "description_kind": "plain",
                                  "required": true
                                }
                              },
                              "block_types": {
                                "bandwidth": {
                                  "nesting_mode": "list",
                                  "block": {
                                    "attributes": {
                                      "charging_mode": {
                                        "type": "string",
                                        "description_kind": "plain",
                                        "required": true
                                      },
                                      "share_type": {
                                        "type": "string",
                                        "description_kind": "plain",
                                        "required": true
                                      },
                                      "size": {
                                        "type": "number",
                                        "description_kind": "plain",
                                        "required": true
                                      }
                                    },
                                    "description_kind": "plain"
                                  },
                                  "min_items": 1,
                                  "max_items": 1
                                }
                              },
                              "description_kind": "plain"
                            },
                            "min_items": 1,
                            "max_items": 1
                          }
                        },
                        "description_kind": "plain"
                      },
                      "max_items": 1
                    }
                  },
                  "description_kind": "plain"
                },
                "min_items": 1,
                "max_items": 1
              }
            },
            "description_kind": "plain"
          }
        },
        "huaweicloudstack_as_group_v1": {
          "version": 0,
          "block": {
            "attributes": {
              "available_zones": {
                "type": [
                  "list",
                  "string"
                ],
                "description_kind": "plain",
                "optional": true
              },
              "cool_down_time": {
                "type": "number",
                "description": "The cooling duration, in seconds.",
                "description_kind": "plain",
                "optional": true
              },
              "current_instance_number": {
                "type": "number",
                "description_kind": "plain",
                "optional": true,
                "computed": true
              },
              "delete_instances": {
                "type": "string",
                "description": "Whether to delete instances when they are removed from the AS group.",
                "description_kind": "plain",
                "optional": true
              },
              "delete_publicip": {
                "type": "bool",
                "description_kind": "plain",
                "optional": true
              },
              "desire_instance_number": {
                "type": "number",
                "description_kind": "plain",
                "optional": true
              },
              "health_periodic_audit_method": {
                "type": "string",
                "description_kind": "plain",
                "optional": true
              },
              "health_periodic_audit_time": {
                "type": "number",
                "description": "The health check period for instances, in minutes.",
                "description_kind": "plain",
                "optional": true
              },
              "id": {
                "type": "string",
                "description_kind": "plain",
                "optional": true,
                "computed": true
              },
              "instance_terminate_policy": {
                "type": "string",
                "description_kind": "plain",
                "optional": true
              },
              "instances": {
                "type": [
                  "list",
                  "string"
                ],
                "description": "The instances id list in the as group.",
                "description_kind": "plain",
                "optional": true
              },
              "lb_listener_id": {
                "type": "string",
                "description": "The system supports the binding of up to three ELB listeners, the IDs of which are separated using a comma.",
                "description_kind": "plain",
                "deprecated": true,
                "optional": true
              },
              "max_instance_number": {
                "type": "number",
                "description_kind": "plain",
                "optional": true
              },
              "min_instance_number": {
                "type": "number",
                "description_kind": "plain",
                "optional": true
              },
              "notifications": {
                "type": [
                  "list",
                  "string"
                ],
                "description_kind": "plain",
                "optional": true
              },
              "region": {
                "type": "string",
                "description_kind": "plain",
                "optional": true,
                "computed": true
              },
              "scaling_configuration_id": {
                "type": "string",
                "description_kind": "plain",
                "optional": true,
                "computed": true
              },
              "scaling_group_name": {
                "type": "string",
                "description_kind": "plain",
                "required": true
              },
              "scaling_group_status": {
                "type": "string",
                "description_kind": "plain",
                "optional": true,
                "computed": true
              },
              "tags": {
                "type": [
                  "map",
                  "string"
                ],
                "description_kind": "plain",
                "optional": true
              },
              "vpc_id": {
                "type": "string",
                "description_kind": "plain",
                "required": true
              }
            },
            "block_types": {
              "lbaas_listeners": {
                "nesting_mode": "list",
                "block": {
                  "attributes": {
                    "listener_id": {
                      "type": "string",
                      "description_kind": "plain",
                      "required": true
                    },
                    "protocol_port": {
                      "type": "number",
                      "description_kind": "plain",
                      "required": true
                    },
                    "weight": {
                      "type": "number",
                      "description_kind": "plain",
                      "optional": true
                    }
                  },
                  "description_kind": "plain"
                },
                "max_items": 3
              },
              "networks": {
                "nesting_mode": "list",
                "block": {
                  "attributes": {
                    "id": {
                      "type": "string",
                      "description_kind": "plain",
                      "required": true
                    }
                  },
                  "description_kind": "plain"
                },
                "min_items": 1,
                "max_items": 5
              },
              "security_groups": {
                "nesting_mode": "list",
                "block": {
                  "attributes": {
                    "id": {
                      "type": "string",
                      "description_kind": "plain",
                      "required": true
                    }
                  },
                  "description_kind": "plain"
                },
                "min_items": 1
              },
              "timeouts": {
                "nesting_mode": "single",
                "block": {
                  "attributes": {
                    "create": {
                      "type": "string",
                      "description_kind": "plain",
                      "optional": true
                    },
                    "delete": {
                      "type": "string",
                      "description_kind": "plain",
                      "optional": true
                    }
                  },
                  "description_kind": "plain"
                }
              }
            },
            "description_kind": "plain"
          }
        },
        "huaweicloudstack_as_policy_v1": {
          "version": 0,
          "block": {
            "attributes": {
              "alarm_id": {
                "type": "string",
                "description_kind": "plain",
                "optional": true
              },
              "cool_down_time": {
                "type": "number",
                "description_kind": "plain",
                "optional": true
              },
              "id": {
                "type": "string",
                "description_kind": "plain",
                "optional": true,
                "computed": true
              },
              "region": {
                "type": "string",
                "description_kind": "plain",
                "optional": true,
                "computed": true
              },
              "scaling_group_id": {
                "type": "string",
                "description_kind": "plain",
                "required": true
              },
              "scaling_policy_name": {
                "type": "string",
                "description_kind": "plain",
                "required": true
              },
              "scaling_policy_type": {
                "type": "string",
                "description_kind": "plain",
                "required": true
              }
            },
            "block_types": {
              "scaling_policy_action": {
                "nesting_mode": "list",
                "block": {
                  "attributes": {
                    "instance_number": {
                      "type": "number",
                      "description_kind": "plain",
                      "optional": true
                    },
                    "operation": {
                      "type": "string",
                      "description_kind": "plain",
                      "optional": true
                    }
                  },
                  "description_kind": "plain"
                },
                "max_items": 1
              },
              "scheduled_policy": {
                "nesting_mode": "list",
                "block": {
                  "attributes": {
                    "end_time": {
                      "type": "string",
                      "description_kind": "plain",
                      "optional": true
                    },
                    "launch_time": {
                      "type": "string",
                      "description_kind": "plain",
                      "required": true
                    },
                    "recurrence_type": {
                      "type": "string",
                      "description_kind": "plain",
                      "optional": true
                    },
                    "recurrence_value": {
                      "type": "string",
                      "description_kind": "plain",
                      "optional": true
                    },
                    "start_time": {
                      "type": "string",
                      "description_kind": "plain",
                      "optional": true
                    }
                  },
                  "description_kind": "plain"
                },
                "max_items": 1
              }
            },
            "description_kind": "plain"
          }
        },
        "huaweicloudstack_blockstorage_volume_v2": {
          "version": 0,
          "block": {
            "attributes": {
              "attachment": {
                "type": [
                  "set",
                  [
                    "object",
                    {
                      "device": "string",
                      "id": "string",
                      "instance_id": "string"
                    }
                  ]
                ],
                "description_kind": "plain",
                "computed": true
              },
              "availability_zone": {
                "type": "string",
                "description_kind": "plain",
                "optional": true,
                "computed": true
              },
              "cascade": {
                "type": "bool",
                "description_kind": "plain",
                "optional": true
              },
              "consistency_group_id": {
                "type": "string",
                "description_kind": "plain",
                "optional": true
              },
              "description": {
                "type": "string",
                "description_kind": "plain",
                "optional": true
              },
              "id": {
                "type": "string",
                "description_kind": "plain",
                "optional": true,
                "computed": true
              },
              "image_id": {
                "type": "string",
                "description_kind": "plain",
                "optional": true
              },
              "metadata": {
                "type": [
                  "map",
                  "string"
                ],
                "description_kind": "plain",
                "optional": true,
                "computed": true
              },
              "name": {
                "type": "string",
                "description_kind": "plain",
                "optional": true
              },
              "region": {
                "type": "string",
                "description_kind": "plain",
                "optional": true,
                "computed": true
              },
              "size": {
                "type": "number",
                "description_kind": "plain",
                "required": true
              },
              "snapshot_id": {
                "type": "string",
                "description_kind": "plain",
                "optional": true
              },
              "source_replica": {
                "type": "string",
                "description_kind": "plain",
                "optional": true
              },
              "source_vol_id": {
                "type": "string",
                "description_kind": "plain",
                "optional": true
              },
              "volume_type": {
                "type": "string",
                "description_kind": "plain",
                "optional": true,
                "computed": true
              }
            },
            "block_types": {
              "timeouts": {
                "nesting_mode": "single",
                "block": {
                  "attributes": {
                    "create": {
                      "type": "string",
                      "description_kind": "plain",
                      "optional": true
                    },
                    "delete": {
                      "type": "string",
                      "description_kind": "plain",
                      "optional": true
                    }
                  },
                  "description_kind": "plain"
                }
              }
            },
            "description_kind": "plain"
          }
        },
        "huaweicloudstack_compute_floatingip_associate_v2": {
          "version": 0,
          "block": {
            "attributes": {
              "fixed_ip": {
                "type": "string",
                "description_kind": "plain",
                "optional": true
              },
              "floating_ip": {
                "type": "string",
                "description_kind": "plain",
                "required": true
              },
              "id": {
                "type": "string",
                "description_kind": "plain",
                "optional": true,
                "computed": true
              },
              "instance_id": {
                "type": "string",
                "description_kind": "plain",
                "required": true
              },
              "region": {
                "type": "string",
                "description_kind": "plain",
                "optional": true,
                "computed": true
              }
            },
            "description_kind": "plain"
          }
        },
        "huaweicloudstack_compute_instance_v2": {
          "version": 0,
          "block": {
            "attributes": {
              "access_ip_v4": {
                "type": "string",
                "description_kind": "plain",
                "optional": true,
                "computed": true
              },
              "access_ip_v6": {
                "type": "string",
                "description_kind": "plain",
                "optional": true,
                "computed": true
              },
              "admin_pass": {
                "type": "string",
                "description_kind": "plain",
                "optional": true
              },
              "all_metadata": {
                "type": [
                  "map",
                  "string"
                ],
                "description_kind": "plain",
                "computed": true
              },
              "availability_zone": {
                "type": "string",
                "description_kind": "plain",
                "optional": true,
                "computed": true
              },
              "config_drive": {
                "type": "bool",
                "description_kind": "plain",
                "optional": true
              },
              "flavor_id": {
                "type": "string",
                "description_kind": "plain",
                "optional": true,
                "computed": true
              },
              "flavor_name": {
                "type": "string",
                "description_kind": "plain",
                "optional": true,
                "computed": true
              },
              "floating_ip": {
                "type": "string",
                "description_kind": "plain",
                "optional": true
              },
              "id": {
                "type": "string",
                "description_kind": "plain",
                "optional": true,
                "computed": true
              },
              "image_id": {
                "type": "string",
                "description_kind": "plain",
                "optional": true,
                "computed": true
              },
              "image_name": {
                "type": "string",
                "description_kind": "plain",
                "optional": true,
                "computed": true
              },
              "key_pair": {
                "type": "string",
                "description_kind": "plain",
                "optional": true
              },
              "metadata": {
                "type": [
                  "map",
                  "string"
                ],
                "description_kind": "plain",
                "optional": true
              },
              "name": {
                "type": "string",
                "description_kind": "plain",
                "required": true
              },
              "region": {
                "type": "string",
                "description_kind": "plain",
                "optional": true,
                "computed": true
              },
              "security_groups": {
                "type": [
                  "set",
                  "string"
                ],
                "description_kind": "plain",
                "optional": true,
                "computed": true
              },
              "stop_before_destroy": {
                "type": "bool",
                "description_kind": "plain",
                "optional": true
              },
              "tags": {
                "type": [
                  "set",
                  "string"
                ],
                "description_kind": "plain",
                "optional": true
              },
              "user_data": {
                "type": "string",
                "description_kind": "plain",
                "optional": true
              }
            },
            "block_types": {
              "block_device": {
                "nesting_mode": "list",
                "block": {
                  "attributes": {
                    "boot_index": {
                      "type": "number",
                      "description_kind": "plain",
                      "optional": true
                    },
                    "delete_on_termination": {
                      "type": "bool",
                      "description_kind": "plain",
                      "optional": true
                    },
                    "destination_type": {
                      "type": "string",
                      "description_kind": "plain",
                      "optional": true
                    },
                    "device_name": {
                      "type": "string",
                      "description_kind": "plain",
                      "optional": true
                    },
                    "guest_format": {
                      "type": "string",
                      "description_kind": "plain",
                      "optional": true
                    },
                    "source_type": {
                      "type": "string",
                      "description_kind": "plain",
                      "required": true
                    },
                    "uuid": {
                      "type": "string",
                      "description_kind": "plain",
                      "optional": true
                    },
                    "volume_size": {
                      "type": "number",
                      "description_kind": "plain",
                      "optional": true
                    },
                    "volume_type": {
                      "type": "string",
                      "description_kind": "plain",
                      "optional": true
                    }
                  },
                  "description_kind": "plain"
                }
              },
              "network": {
                "nesting_mode": "list",
                "block": {
                  "attributes": {
                    "access_network": {
                      "type": "bool",
                      "description_kind": "plain",
                      "optional": true
                    },
                    "fixed_ip_v4": {
                      "type": "string",
                      "description_kind": "plain",
                      "optional": true,
                      "computed": true
                    },
                    "fixed_ip_v6": {
                      "type": "string",
                      "description_kind": "plain",
                      "optional": true,
                      "computed": true
                    },
                    "floating_ip": {
                      "type": "string",
                      "description_kind": "plain",
                      "optional": true,
                      "computed": true
                    },
                    "mac": {
                      "type": "string",
                      "description_kind": "plain",
                      "computed": true
                    },
                    "name": {
                      "type": "string",
                      "description_kind": "plain",
                      "optional": true,
                      "computed": true
                    },
                    "port": {
                      "type": "string",
                      "description_kind": "plain",
                      "optional": true,
                      "computed": true
                    },
                    "uuid": {
                      "type": "string",
                      "description_kind": "plain",
                      "optional": true,
                      "computed": true
                    }
                  },
                  "description_kind": "plain"
                }
              },
              "personality": {
                "nesting_mode": "set",
                "block": {
                  "attributes": {
                    "content": {
                      "type": "string",
                      "description_kind": "plain",
                      "required": true
                    },
                    "file": {
                      "type": "string",
                      "description_kind": "plain",
                      "required": true
                    }
                  },
                  "description_kind": "plain"
                }
              },
              "scheduler_hints": {
                "nesting_mode": "set",
                "block": {
                  "attributes": {
                    "build_near_host_ip": {
                      "type": "string",
                      "description_kind": "plain",
                      "optional": true
                    },
                    "different_host": {
                      "type": [
                        "list",
                        "string"
                      ],
                      "description_kind": "plain",
                      "optional": true
                    },
                    "group": {
                      "type": "string",
                      "description_kind": "plain",
                      "optional": true
                    },
                    "query": {
                      "type": [
                        "list",
                        "string"
                      ],
                      "description_kind": "plain",
                      "optional": true
                    },
                    "same_host": {
                      "type": [
                        "list",
                        "string"
                      ],
                      "description_kind": "plain",
                      "optional": true
                    },
                    "target_cell": {
                      "type": "string",
                      "description_kind": "plain",
                      "optional": true
                    }
                  },
                  "description_kind": "plain"
                }
              },
              "timeouts": {
                "nesting_mode": "single",
                "block": {
                  "attributes": {
                    "create": {
                      "type": "string",
                      "description_kind": "plain",
                      "optional": true
                    },
                    "delete": {
                      "type": "string",
                      "description_kind": "plain",
                      "optional": true
                    },
                    "update": {
                      "type": "string",
                      "description_kind": "plain",
                      "optional": true
                    }
                  },
                  "description_kind": "plain"
                }
              },
              "volume": {
                "nesting_mode": "set",
                "block": {
                  "attributes": {
                    "device": {
                      "type": "string",
                      "description_kind": "plain",
                      "optional": true,
                      "computed": true
                    },
                    "id": {
                      "type": "string",
                      "description_kind": "plain",
                      "optional": true,
                      "computed": true
                    },
                    "volume_id": {
                      "type": "string",
                      "description_kind": "plain",
                      "required": true
                    }
                  },
                  "description_kind": "plain"
                }
              }
            },
            "description_kind": "plain"
          }
        },
        "huaweicloudstack_compute_interface_attach_v2": {
          "version": 0,
          "block": {
            "attributes": {
              "fixed_ip": {
                "type": "string",
                "description_kind": "plain",
                "optional": true
              },
              "id": {
                "type": "string",
                "description_kind": "plain",
                "optional": true,
                "computed": true
              },
              "instance_id": {
                "type": "string",
                "description_kind": "plain",
                "required": true
              },
              "network_id": {
                "type": "string",
                "description_kind": "plain",
                "optional": true,
                "computed": true
              },
              "port_id": {
                "type": "string",
                "description_kind": "plain",
                "optional": true,
                "computed": true
              },
              "region": {
                "type": "string",
                "description_kind": "plain",
                "optional": true,
                "computed": true
              }
            },
            "block_types": {
              "timeouts": {
                "nesting_mode": "single",
                "block": {
                  "attributes": {
                    "create": {
                      "type": "string",
                      "description_kind": "plain",
                      "optional": true
                    },
                    "delete": {
                      "type": "string",
                      "description_kind": "plain",
                      "optional": true
                    }
                  },
                  "description_kind": "plain"
                }
              }
            },
            "description_kind": "plain"
          }
        },
        "huaweicloudstack_compute_keypair_v2": {
          "version": 0,
          "block": {
            "attributes": {
              "id": {
                "type": "string",
                "description_kind": "plain",
                "optional": true,
                "computed": true
              },
              "name": {
                "type": "string",
                "description_kind": "plain",
                "required": true
              },
              "public_key": {
                "type": "string",
                "description_kind": "plain",
                "optional": true
              },
              "region": {
                "type": "string",
                "description_kind": "plain",
                "optional": true,
                "computed": true
              }
            },
            "description_kind": "plain"
          }
        },
        "huaweicloudstack_compute_servergroup_v2": {
          "version": 0,
          "block": {
            "attributes": {
              "id": {
                "type": "string",
                "description_kind": "plain",
                "optional": true,
                "computed": true
              },
              "members": {
                "type": [
                  "list",
                  "string"
                ],
                "description_kind": "plain",
                "computed": true
              },
              "name": {
                "type": "string",
                "description_kind": "plain",
                "required": true
              },
              "policies": {
                "type": [
                  "list",
                  "string"
                ],
                "description_kind": "plain",
                "optional": true
              },
              "region": {
                "type": "string",
                "description_kind": "plain",
                "optional": true,
                "computed": true
              }
            },
            "description_kind": "plain"
          }
        },
        "huaweicloudstack_compute_volume_attach_v2": {
          "version": 0,
          "block": {
            "attributes": {
              "device": {
                "type": "string",
                "description_kind": "plain",
                "optional": true,
                "computed": true
              },
              "id": {
                "type": "string",
                "description_kind": "plain",
                "optional": true,
                "computed": true
              },
              "instance_id": {
                "type": "string",
                "description_kind": "plain",
                "required": true
              },
              "region": {
                "type": "string",
                "description_kind": "plain",
                "optional": true,
                "computed": true
              },
              "volume_id": {
                "type": "string",
                "description_kind": "plain",
                "required": true
              }
            },
            "block_types": {
              "timeouts": {
                "nesting_mode": "single",
                "block": {
                  "attributes": {
                    "create": {
                      "type": "string",
                      "description_kind": "plain",
                      "optional": true
                    },
                    "delete": {
                      "type": "string",
                      "description_kind": "plain",
                      "optional": true
                    }
                  },
                  "description_kind": "plain"
                }
              }
            },
            "description_kind": "plain"
          }
        },
        "huaweicloudstack_kms_key_v1": {
          "version": 0,
          "block": {
            "attributes": {
              "creation_date": {
                "type": "string",
                "description_kind": "plain",
                "computed": true
              },
              "default_key_flag": {
                "type": "string",
                "description_kind": "plain",
                "computed": true
              },
              "domain_id": {
                "type": "string",
                "description_kind": "plain",
                "computed": true
              },
              "expiration_time": {
                "type": "string",
                "description_kind": "plain",
                "computed": true
              },
              "id": {
                "type": "string",
                "description_kind": "plain",
                "optional": true,
                "computed": true
              },
              "is_enabled": {
                "type": "bool",
                "description_kind": "plain",
                "optional": true
              },
              "key_alias": {
                "type": "string",
                "description_kind": "plain",
                "required": true
              },
              "key_description": {
                "type": "string",
                "description_kind": "plain",
                "optional": true
              },
              "key_id": {
                "type": "string",
                "description_kind": "plain",
                "computed": true
              },
              "pending_days": {
                "type": "string",
                "description_kind": "plain",
                "optional": true
              },
              "realm": {
                "type": "string",
                "description_kind": "plain",
                "optional": true,
                "computed": true
              },
              "scheduled_deletion_date": {
                "type": "string",
                "description_kind": "plain",
                "computed": true
              }
            },
            "description_kind": "plain"
          }
        },
        "huaweicloudstack_lb_certificate_v2": {
          "version": 0,
          "block": {
            "attributes": {
              "certificate": {
                "type": "string",
                "description_kind": "plain",
                "required": true
              },
              "create_time": {
                "type": "string",
                "description_kind": "plain",
                "computed": true
              },
              "description": {
                "type": "string",
                "description_kind": "plain",
                "optional": true
              },
              "domain": {
                "type": "string",
                "description_kind": "plain",
                "optional": true
              },
              "id": {
                "type": "string",
                "description_kind": "plain",
                "optional": true,
                "computed": true
              },
              "name": {
                "type": "string",
                "description_kind": "plain",
                "optional": true
              },
              "private_key": {
                "type": "string",
                "description_kind": "plain",
                "required": true
              },
              "region": {
                "type": "string",
                "description_kind": "plain",
                "optional": true,
                "computed": true
              },
              "update_time": {
                "type": "string",
                "description_kind": "plain",
                "computed": true
              }
            },
            "block_types": {
              "timeouts": {
                "nesting_mode": "single",
                "block": {
                  "attributes": {
                    "create": {
                      "type": "string",
                      "description_kind": "plain",
                      "optional": true
                    },
                    "delete": {
                      "type": "string",
                      "description_kind": "plain",
                      "optional": true
                    },
                    "update": {
                      "type": "string",
                      "description_kind": "plain",
                      "optional": true
                    }
                  },
                  "description_kind": "plain"
                }
              }
            },
            "description_kind": "plain"
          }
        },
        "huaweicloudstack_lb_l7policy_v2": {
          "version": 0,
          "block": {
            "attributes": {
              "action": {
                "type": "string",
                "description_kind": "plain",
                "optional": true,
                "computed": true
              },
              "admin_state_up": {
                "type": "bool",
                "description_kind": "plain",
                "optional": true
              },
              "description": {
                "type": "string",
                "description_kind": "plain",
                "optional": true
              },
              "id": {
                "type": "string",
                "description_kind": "plain",
                "optional": true,
                "computed": true
              },
              "listener_id": {
                "type": "string",
                "description_kind": "plain",
                "required": true
              },
              "name": {
                "type": "string",
                "description_kind": "plain",
                "optional": true
              },
              "position": {
                "type": "number",
                "description_kind": "plain",
                "optional": true,
                "computed": true
              },
              "redirect_pool_id": {
                "type": "string",
                "description_kind": "plain",
                "required": true
              },
              "region": {
                "type": "string",
                "description_kind": "plain",
                "optional": true,
                "computed": true
              },
              "tenant_id": {
                "type": "string",
                "description_kind": "plain",
                "optional": true,
                "computed": true
              }
            },
            "block_types": {
              "timeouts": {
                "nesting_mode": "single",
                "block": {
                  "attributes": {
                    "create": {
                      "type": "string",
                      "description_kind": "plain",
                      "optional": true
                    },
                    "delete": {
                      "type": "string",
                      "description_kind": "plain",
                      "optional": true
                    },
                    "update": {
                      "type": "string",
                      "description_kind": "plain",
                      "optional": true
                    }
                  },
                  "description_kind": "plain"
                }
              }
            },
            "description_kind": "plain"
          }
        },
        "huaweicloudstack_lb_l7rule_v2": {
          "version": 0,
          "block": {
            "attributes": {
              "admin_state_up": {
                "type": "bool",
                "description_kind": "plain",
                "optional": true
              },
              "compare_type": {
                "type": "string",
                "description_kind": "plain",
                "required": true
              },
              "id": {
                "type": "string",
                "description_kind": "plain",
                "optional": true,
                "computed": true
              },
              "key": {
                "type": "string",
                "description_kind": "plain",
                "optional": true
              },
              "l7policy_id": {
                "type": "string",
                "description_kind": "plain",
                "required": true
              },
              "listener_id": {
                "type": "string",
                "description_kind": "plain",
                "computed": true
              },
              "region": {
                "type": "string",
                "description_kind": "plain",
                "optional": true,
                "computed": true
              },
              "tenant_id": {
                "type": "string",
                "description_kind": "plain",
                "optional": true,
                "computed": true
              },
              "type": {
                "type": "string",
                "description_kind": "plain",
                "required": true
              },
              "value": {
                "type": "string",
                "description_kind": "plain",
                "required": true
              }
            },
            "block_types": {
              "timeouts": {
                "nesting_mode": "single",
                "block": {
                  "attributes": {
                    "create": {
                      "type": "string",
                      "description_kind": "plain",
                      "optional": true
                    },
                    "delete": {
                      "type": "string",
                      "description_kind": "plain",
                      "optional": true
                    },
                    "update": {
                      "type": "string",
                      "description_kind": "plain",
                      "optional": true
                    }
                  },
                  "description_kind": "plain"
                }
              }
            },
            "description_kind": "plain"
          }
        },
        "huaweicloudstack_lb_listener_v2": {
          "version": 0,
          "block": {
            "attributes": {
              "admin_state_up": {
                "type": "bool",
                "description_kind": "plain",
                "optional": true
              },
              "connection_limit": {
                "type": "number",
                "description_kind": "plain",
                "optional": true,
                "computed": true
              },
              "default_pool_id": {
                "type": "string",
                "description_kind": "plain",
                "optional": true,
                "computed": true
              },
              "default_tls_container_ref": {
                "type": "string",
                "description_kind": "plain",
                "optional": true
              },
              "description": {
                "type": "string",
                "description_kind": "plain",
                "optional": true
              },
              "id": {
                "type": "string",
                "description_kind": "plain",
                "optional": true,
                "computed": true
              },
              "loadbalancer_id": {
                "type": "string",
                "description_kind": "plain",
                "required": true
              },
              "name": {
                "type": "string",
                "description_kind": "plain",
                "optional": true,
                "computed": true
              },
              "protocol": {
                "type": "string",
                "description_kind": "plain",
                "required": true
              },
              "protocol_port": {
                "type": "number",
                "description_kind": "plain",
                "required": true
              },
              "region": {
                "type": "string",
                "description_kind": "plain",
                "optional": true,
                "computed": true
              },
              "tenant_id": {
                "type": "string",
                "description_kind": "plain",
                "optional": true,
                "computed": true
              }
            },
            "block_types": {
              "timeouts": {
                "nesting_mode": "single",
                "block": {
                  "attributes": {
                    "create": {
                      "type": "string",
                      "description_kind": "plain",
                      "optional": true
                    },
                    "delete": {
                      "type": "string",
                      "description_kind": "plain",
                      "optional": true
                    },
                    "update": {
                      "type": "string",
                      "description_kind": "plain",
                      "optional": true
                    }
                  },
                  "description_kind": "plain"
                }
              }
            },
            "description_kind": "plain"
          }
        },
        "huaweicloudstack_lb_loadbalancer_v2": {
          "version": 0,
          "block": {
            "attributes": {
              "admin_state_up": {
                "type": "bool",
                "description_kind": "plain",
                "optional": true
              },
              "description": {
                "type": "string",
                "description_kind": "plain",
                "optional": true
              },
              "id": {
                "type": "string",
                "description_kind": "plain",
                "optional": true,
                "computed": true
              },
              "loadbalancer_provider": {
                "type": "string",
                "description_kind": "plain",
                "optional": true,
                "computed": true
              },
              "name": {
                "type": "string",
                "description_kind": "plain",
                "optional": true
              },
              "region": {
                "type": "string",
                "description_kind": "plain",
                "optional": true,
                "computed": true
              },
              "tenant_id": {
                "type": "string",
                "description_kind": "plain",
                "optional": true,
                "computed": true
              },
              "vip_address": {
                "type": "string",
                "description_kind": "plain",
                "optional": true,
                "computed": true
              },
              "vip_port_id": {
                "type": "string",
                "description_kind": "plain",
                "computed": true
              },
              "vip_subnet_id": {
                "type": "string",
                "description_kind": "plain",
                "required": true
              }
            },
            "block_types": {
              "timeouts": {
                "nesting_mode": "single",
                "block": {
                  "attributes": {
                    "create": {
                      "type": "string",
                      "description_kind": "plain",
                      "optional": true
                    },
                    "delete": {
                      "type": "string",
                      "description_kind": "plain",
                      "optional": true
                    },
                    "update": {
                      "type": "string",
                      "description_kind": "plain",
                      "optional": true
                    }
                  },
                  "description_kind": "plain"
                }
              }
            },
            "description_kind": "plain"
          }
        },
        "huaweicloudstack_lb_member_v2": {
          "version": 0,
          "block": {
            "attributes": {
              "address": {
                "type": "string",
                "description_kind": "plain",
                "required": true
              },
              "admin_state_up": {
                "type": "bool",
                "description_kind": "plain",
                "optional": true
              },
              "id": {
                "type": "string",
                "description_kind": "plain",
                "optional": true,
                "computed": true
              },
              "name": {
                "type": "string",
                "description_kind": "plain",
                "optional": true
              },
              "pool_id": {
                "type": "string",
                "description_kind": "plain",
                "required": true
              },
              "protocol_port": {
                "type": "number",
                "description_kind": "plain",
                "required": true
              },
              "region": {
                "type": "string",
                "description_kind": "plain",
                "optional": true,
                "computed": true
              },
              "subnet_id": {
                "type": "string",
                "description_kind": "plain",
                "required": true
              },
              "tenant_id": {
                "type": "string",
                "description_kind": "plain",
                "optional": true,
                "computed": true
              },
              "weight": {
                "type": "number",
                "description_kind": "plain",
                "optional": true,
                "computed": true
              }
            },
            "block_types": {
              "timeouts": {
                "nesting_mode": "single",
                "block": {
                  "attributes": {
                    "create": {
                      "type": "string",
                      "description_kind": "plain",
                      "optional": true
                    },
                    "delete": {
                      "type": "string",
                      "description_kind": "plain",
                      "optional": true
                    },
                    "update": {
                      "type": "string",
                      "description_kind": "plain",
                      "optional": true
                    }
                  },
                  "description_kind": "plain"
                }
              }
            },
            "description_kind": "plain"
          }
        },
        "huaweicloudstack_lb_monitor_v2": {
          "version": 0,
          "block": {
            "attributes": {
              "admin_state_up": {
                "type": "bool",
                "description_kind": "plain",
                "optional": true
              },
              "delay": {
                "type": "number",
                "description_kind": "plain",
                "required": true
              },
              "expected_codes": {
                "type": "string",
                "description_kind": "plain",
                "optional": true,
                "computed": true
              },
              "http_method": {
                "type": "string",
                "description_kind": "plain",
                "optional": true,
                "computed": true
              },
              "id": {
                "type": "string",
                "description_kind": "plain",
                "optional": true,
                "computed": true
              },
              "max_retries": {
                "type": "number",
                "description_kind": "plain",
                "required": true
              },
              "name": {
                "type": "string",
                "description_kind": "plain",
                "optional": true
              },
              "pool_id": {
                "type": "string",
                "description_kind": "plain",
                "required": true
              },
              "region": {
                "type": "string",
                "description_kind": "plain",
                "optional": true,
                "computed": true
              },
              "tenant_id": {
                "type": "string",
                "description_kind": "plain",
                "optional": true,
                "computed": true
              },
              "timeout": {
                "type": "number",
                "description_kind": "plain",
                "required": true
              },
              "type": {
                "type": "string",
                "description_kind": "plain",
                "required": true
              },
              "url_path": {
                "type": "string",
                "description_kind": "plain",
                "optional": true,
                "computed": true
              }
            },
            "block_types": {
              "timeouts": {
                "nesting_mode": "single",
                "block": {
                  "attributes": {
                    "create": {
                      "type": "string",
                      "description_kind": "plain",
                      "optional": true
                    },
                    "delete": {
                      "type": "string",
                      "description_kind": "plain",
                      "optional": true
                    },
                    "update": {
                      "type": "string",
                      "description_kind": "plain",
                      "optional": true
                    }
                  },
                  "description_kind": "plain"
                }
              }
            },
            "description_kind": "plain"
          }
        },
        "huaweicloudstack_lb_pool_v2": {
          "version": 0,
          "block": {
            "attributes": {
              "admin_state_up": {
                "type": "bool",
                "description_kind": "plain",
                "optional": true
              },
              "description": {
                "type": "string",
                "description_kind": "plain",
                "optional": true
              },
              "id": {
                "type": "string",
                "description_kind": "plain",
                "optional": true,
                "computed": true
              },
              "lb_method": {
                "type": "string",
                "description_kind": "plain",
                "required": true
              },
              "listener_id": {
                "type": "string",
                "description_kind": "plain",
                "optional": true
              },
              "loadbalancer_id": {
                "type": "string",
                "description_kind": "plain",
                "optional": true
              },
              "name": {
                "type": "string",
                "description_kind": "plain",
                "optional": true
              },
              "protocol": {
                "type": "string",
                "description_kind": "plain",
                "required": true
              },
              "region": {
                "type": "string",
                "description_kind": "plain",
                "optional": true,
                "computed": true
              },
              "tenant_id": {
                "type": "string",
                "description_kind": "plain",
                "optional": true,
                "computed": true
              }
            },
            "block_types": {
              "persistence": {
                "nesting_mode": "list",
                "block": {
                  "attributes": {
                    "cookie_name": {
                      "type": "string",
                      "description_kind": "plain",
                      "optional": true
                    },
                    "type": {
                      "type": "string",
                      "description_kind": "plain",
                      "required": true
                    }
                  },
                  "description_kind": "plain"
                }
              },
              "timeouts": {
                "nesting_mode": "single",
                "block": {
                  "attributes": {
                    "create": {
                      "type": "string",
                      "description_kind": "plain",
                      "optional": true
                    },
                    "delete": {
                      "type": "string",
                      "description_kind": "plain",
                      "optional": true
                    },
                    "update": {
                      "type": "string",
                      "description_kind": "plain",
                      "optional": true
                    }
                  },
                  "description_kind": "plain"
                }
              }
            },
            "description_kind": "plain"
          }
        },
        "huaweicloudstack_lb_whitelist_v2": {
          "version": 0,
          "block": {
            "attributes": {
              "enable_whitelist": {
                "type": "bool",
                "description_kind": "plain",
                "optional": true
              },
              "id": {
                "type": "string",
                "description_kind": "plain",
                "optional": true,
                "computed": true
              },
              "listener_id": {
                "type": "string",
                "description_kind": "plain",
                "required": true
              },
              "tenant_id": {
                "type": "string",
                "description_kind": "plain",
                "optional": true,
                "computed": true
              },
              "whitelist": {
                "type": "string",
                "description_kind": "plain",
                "optional": true
              }
            },
            "block_types": {
              "timeouts": {
                "nesting_mode": "single",
                "block": {
                  "attributes": {
                    "create": {
                      "type": "string",
                      "description_kind": "plain",
                      "optional": true
                    },
                    "delete": {
                      "type": "string",
                      "description_kind": "plain",
                      "optional": true
                    },
                    "update": {
                      "type": "string",
                      "description_kind": "plain",
                      "optional": true
                    }
                  },
                  "description_kind": "plain"
                }
              }
            },
            "description_kind": "plain"
          }
        },
        "huaweicloudstack_networking_floatingip_associate_v2": {
          "version": 0,
          "block": {
            "attributes": {
              "floating_ip": {
                "type": "string",
                "description_kind": "plain",
                "required": true
              },
              "id": {
                "type": "string",
                "description_kind": "plain",
                "optional": true,
                "computed": true
              },
              "port_id": {
                "type": "string",
                "description_kind": "plain",
                "required": true
              },
              "region": {
                "type": "string",
                "description_kind": "plain",
                "optional": true,
                "computed": true
              }
            },
            "description_kind": "plain"
          }
        },
        "huaweicloudstack_networking_floatingip_v2": {
          "version": 0,
          "block": {
            "attributes": {
              "address": {
                "type": "string",
                "description_kind": "plain",
                "computed": true
              },
              "fixed_ip": {
                "type": "string",
                "description_kind": "plain",
                "optional": true,
                "computed": true
              },
              "id": {
                "type": "string",
                "description_kind": "plain",
                "optional": true,
                "computed": true
              },
              "pool": {
                "type": "string",
                "description_kind": "plain",
                "required": true
              },
              "port_id": {
                "type": "string",
                "description_kind": "plain",
                "optional": true,
                "computed": true
              },
              "region": {
                "type": "string",
                "description_kind": "plain",
                "optional": true,
                "computed": true
              },
              "tenant_id": {
                "type": "string",
                "description_kind": "plain",
                "optional": true,
                "computed": true
              }
            },
            "block_types": {
              "timeouts": {
                "nesting_mode": "single",
                "block": {
                  "attributes": {
                    "create": {
                      "type": "string",
                      "description_kind": "plain",
                      "optional": true
                    },
                    "delete": {
                      "type": "string",
                      "description_kind": "plain",
                      "optional": true
                    }
                  },
                  "description_kind": "plain"
                }
              }
            },
            "description_kind": "plain"
          }
        },
        "huaweicloudstack_networking_network_v2": {
          "version": 0,
          "block": {
            "attributes": {
              "admin_state_up": {
                "type": "string",
                "description_kind": "plain",
                "optional": true,
                "computed": true
              },
              "id": {
                "type": "string",
                "description_kind": "plain",
                "optional": true,
                "computed": true
              },
              "name": {
                "type": "string",
                "description_kind": "plain",
                "optional": true
              },
              "region": {
                "type": "string",
                "description_kind": "plain",
                "optional": true,
                "computed": true
              },
              "shared": {
                "type": "string",
                "description_kind": "plain",
                "optional": true,
                "computed": true
              },
              "tenant_id": {
                "type": "string",
                "description_kind": "plain",
                "optional": true,
                "computed": true
              }
            },
            "block_types": {
              "segments": {
                "nesting_mode": "list",
                "block": {
                  "attributes": {
                    "network_type": {
                      "type": "string",
                      "description_kind": "plain",
                      "optional": true
                    },
                    "physical_network": {
                      "type": "string",
                      "description_kind": "plain",
                      "optional": true
                    },
                    "segmentation_id": {
                      "type": "number",
                      "description_kind": "plain",
                      "optional": true
                    }
                  },
                  "description_kind": "plain"
                }
              },
              "timeouts": {
                "nesting_mode": "single",
                "block": {
                  "attributes": {
                    "create": {
                      "type": "string",
                      "description_kind": "plain",
                      "optional": true
                    },
                    "delete": {
                      "type": "string",
                      "description_kind": "plain",
                      "optional": true
                    }
                  },
                  "description_kind": "plain"
                }
              }
            },
            "description_kind": "plain"
          }
        },
        "huaweicloudstack_networking_port_v2": {
          "version": 0,
          "block": {
            "attributes": {
              "admin_state_up": {
                "type": "bool",
                "description_kind": "plain",
                "optional": true,
                "computed": true
              },
              "all_fixed_ips": {
                "type": [
                  "list",
                  "string"
                ],
                "description_kind": "plain",
                "computed": true
              },
              "all_security_group_ids": {
                "type": [
                  "set",
                  "string"
                ],
                "description_kind": "plain",
                "computed": true
              },
              "device_id": {
                "type": "string",
                "description_kind": "plain",
                "optional": true,
                "computed": true
              },
              "device_owner": {
                "type": "string",
                "description_kind": "plain",
                "optional": true,
                "computed": true
              },
              "id": {
                "type": "string",
                "description_kind": "plain",
                "optional": true,
                "computed": true
              },
              "mac_address": {
                "type": "string",
                "description_kind": "plain",
                "optional": true,
                "computed": true
              },
              "name": {
                "type": "string",
                "description_kind": "plain",
                "optional": true
              },
              "network_id": {
                "type": "string",
                "description_kind": "plain",
                "required": true
              },
              "no_security_groups": {
                "type": "bool",
                "description_kind": "plain",
                "optional": true
              },
              "region": {
                "type": "string",
                "description_kind": "plain",
                "optional": true,
                "computed": true
              },
              "security_group_ids": {
                "type": [
                  "set",
                  "string"
                ],
                "description_kind": "plain",
                "optional": true,
                "computed": true
              },
              "tenant_id": {
                "type": "string",
                "description_kind": "plain",
                "optional": true,
                "computed": true
              }
            },
            "block_types": {
              "allowed_address_pairs": {
                "nesting_mode": "set",
                "block": {
                  "attributes": {
                    "ip_address": {
                      "type": "string",
                      "description_kind": "plain",
                      "required": true
                    },
                    "mac_address": {
                      "type": "string",
                      "description_kind": "plain",
                      "optional": true,
                      "computed": true
                    }
                  },
                  "description_kind": "plain"
                }
              },
              "fixed_ip": {
                "nesting_mode": "list",
                "block": {
                  "attributes": {
                    "ip_address": {
                      "type": "string",
                      "description_kind": "plain",
                      "optional": true
                    },
                    "subnet_id": {
                      "type": "string",
                      "description_kind": "plain",
                      "required": true
                    }
                  },
                  "description_kind": "plain"
                }
              },
              "timeouts": {
                "nesting_mode": "single",
                "block": {
                  "attributes": {
                    "create": {
                      "type": "string",
                      "description_kind": "plain",
                      "optional": true
                    },
                    "delete": {
                      "type": "string",
                      "description_kind": "plain",
                      "optional": true
                    }
                  },
                  "description_kind": "plain"
                }
              }
            },
            "description_kind": "plain"
          }
        },
        "huaweicloudstack_networking_router_interface_v2": {
          "version": 0,
          "block": {
            "attributes": {
              "id": {
                "type": "string",
                "description_kind": "plain",
                "optional": true,
                "computed": true
              },
              "port_id": {
                "type": "string",
                "description_kind": "plain",
                "optional": true,
                "computed": true
              },
              "region": {
                "type": "string",
                "description_kind": "plain",
                "optional": true,
                "computed": true
              },
              "router_id": {
                "type": "string",
                "description_kind": "plain",
                "required": true
              },
              "subnet_id": {
                "type": "string",
                "description_kind": "plain",
                "optional": true,
                "computed": true
              }
            },
            "block_types": {
              "timeouts": {
                "nesting_mode": "single",
                "block": {
                  "attributes": {
                    "create": {
                      "type": "string",
                      "description_kind": "plain",
                      "optional": true
                    },
                    "delete": {
                      "type": "string",
                      "description_kind": "plain",
                      "optional": true
                    }
                  },
                  "description_kind": "plain"
                }
              }
            },
            "description_kind": "plain"
          }
        },
        "huaweicloudstack_networking_router_route_v2": {
          "version": 0,
          "block": {
            "attributes": {
              "destination_cidr": {
                "type": "string",
                "description_kind": "plain",
                "required": true
              },
              "id": {
                "type": "string",
                "description_kind": "plain",
                "optional": true,
                "computed": true
              },
              "next_hop": {
                "type": "string",
                "description_kind": "plain",
                "required": true
              },
              "region": {
                "type": "string",
                "description_kind": "plain",
                "optional": true,
                "computed": true
              },
              "router_id": {
                "type": "string",
                "description_kind": "plain",
                "required": true
              }
            },
            "description_kind": "plain"
          }
        },
        "huaweicloudstack_networking_router_v2": {
          "version": 0,
          "block": {
            "attributes": {
              "admin_state_up": {
                "type": "bool",
                "description_kind": "plain",
                "optional": true,
                "computed": true
              },
              "distributed": {
                "type": "bool",
                "description_kind": "plain",
                "optional": true,
                "computed": true
              },
              "enable_snat": {
                "type": "bool",
                "description_kind": "plain",
                "optional": true,
                "computed": true
              },
              "external_network_id": {
                "type": "string",
                "description_kind": "plain",
                "optional": true,
                "computed": true
              },
              "id": {
                "type": "string",
                "description_kind": "plain",
                "optional": true,
                "computed": true
              },
              "name": {
                "type": "string",
                "description_kind": "plain",
                "optional": true
              },
              "region": {
                "type": "string",
                "description_kind": "plain",
                "optional": true,
                "computed": true
              },
              "tenant_id": {
                "type": "string",
                "description_kind": "plain",
                "optional": true,
                "computed": true
              }
            },
            "block_types": {
              "timeouts": {
                "nesting_mode": "single",
                "block": {
                  "attributes": {
                    "create": {
                      "type": "string",
                      "description_kind": "plain",
                      "optional": true
                    },
                    "delete": {
                      "type": "string",
                      "description_kind": "plain",
                      "optional": true
                    }
                  },
                  "description_kind": "plain"
                }
              }
            },
            "description_kind": "plain"
          }
        },
        "huaweicloudstack_networking_secgroup_rule_v2": {
          "version": 0,
          "block": {
            "attributes": {
              "direction": {
                "type": "string",
                "description_kind": "plain",
                "required": true
              },
              "ethertype": {
                "type": "string",
                "description_kind": "plain",
                "required": true
              },
              "id": {
                "type": "string",
                "description_kind": "plain",
                "optional": true,
                "computed": true
              },
              "port_range_max": {
                "type": "number",
                "description_kind": "plain",
                "optional": true,
                "computed": true
              },
              "port_range_min": {
                "type": "number",
                "description_kind": "plain",
                "optional": true,
                "computed": true
              },
              "protocol": {
                "type": "string",
                "description_kind": "plain",
                "optional": true,
                "computed": true
              },
              "region": {
                "type": "string",
                "description_kind": "plain",
                "optional": true,
                "computed": true
              },
              "remote_group_id": {
                "type": "string",
                "description_kind": "plain",
                "optional": true,
                "computed": true
              },
              "remote_ip_prefix": {
                "type": "string",
                "description_kind": "plain",
                "optional": true,
                "computed": true
              },
              "security_group_id": {
                "type": "string",
                "description_kind": "plain",
                "required": true
              },
              "tenant_id": {
                "type": "string",
                "description_kind": "plain",
                "optional": true,
                "computed": true
              }
            },
            "block_types": {
              "timeouts": {
                "nesting_mode": "single",
                "block": {
                  "attributes": {
                    "delete": {
                      "type": "string",
                      "description_kind": "plain",
                      "optional": true
                    }
                  },
                  "description_kind": "plain"
                }
              }
            },
            "description_kind": "plain"
          }
        },
        "huaweicloudstack_networking_secgroup_v2": {
          "version": 0,
          "block": {
            "attributes": {
              "delete_default_rules": {
                "type": "bool",
                "description_kind": "plain",
                "optional": true
              },
              "description": {
                "type": "string",
                "description_kind": "plain",
                "optional": true,
                "computed": true
              },
              "id": {
                "type": "string",
                "description_kind": "plain",
                "optional": true,
                "computed": true
              },
              "name": {
                "type": "string",
                "description_kind": "plain",
                "required": true
              },
              "region": {
                "type": "string",
                "description_kind": "plain",
                "optional": true,
                "computed": true
              },
              "tenant_id": {
                "type": "string",
                "description_kind": "plain",
                "optional": true,
                "computed": true
              }
            },
            "block_types": {
              "timeouts": {
                "nesting_mode": "single",
                "block": {
                  "attributes": {
                    "delete": {
                      "type": "string",
                      "description_kind": "plain",
                      "optional": true
                    }
                  },
                  "description_kind": "plain"
                }
              }
            },
            "description_kind": "plain"
          }
        },
        "huaweicloudstack_networking_subnet_v2": {
          "version": 0,
          "block": {
            "attributes": {
              "cidr": {
                "type": "string",
                "description_kind": "plain",
                "required": true
              },
              "dns_nameservers": {
                "type": [
                  "set",
                  "string"
                ],
                "description_kind": "plain",
                "optional": true
              },
              "enable_dhcp": {
                "type": "bool",
                "description_kind": "plain",
                "optional": true
              },
              "gateway_ip": {
                "type": "string",
                "description_kind": "plain",
                "optional": true,
                "computed": true
              },
              "id": {
                "type": "string",
                "description_kind": "plain",
                "optional": true,
                "computed": true
              },
              "ip_version": {
                "type": "number",
                "description_kind": "plain",
                "optional": true
              },
              "name": {
                "type": "string",
                "description_kind": "plain",
                "optional": true
              },
              "network_id": {
                "type": "string",
                "description_kind": "plain",
                "required": true
              },
              "no_gateway": {
                "type": "bool",
                "description_kind": "plain",
                "optional": true
              },
              "region": {
                "type": "string",
                "description_kind": "plain",
                "optional": true,
                "computed": true
              },
              "tenant_id": {
                "type": "string",
                "description_kind": "plain",
                "optional": true,
                "computed": true
              }
            },
            "block_types": {
              "allocation_pools": {
                "nesting_mode": "list",
                "block": {
                  "attributes": {
                    "end": {
                      "type": "string",
                      "description_kind": "plain",
                      "required": true
                    },
                    "start": {
                      "type": "string",
                      "description_kind": "plain",
                      "required": true
                    }
                  },
                  "description_kind": "plain"
                }
              },
              "host_routes": {
                "nesting_mode": "list",
                "block": {
                  "attributes": {
                    "destination_cidr": {
                      "type": "string",
                      "description_kind": "plain",
                      "required": true
                    },
                    "next_hop": {
                      "type": "string",
                      "description_kind": "plain",
                      "required": true
                    }
                  },
                  "description_kind": "plain"
                }
              },
              "timeouts": {
                "nesting_mode": "single",
                "block": {
                  "attributes": {
                    "create": {
                      "type": "string",
                      "description_kind": "plain",
                      "optional": true
                    },
                    "delete": {
                      "type": "string",
                      "description_kind": "plain",
                      "optional": true
                    }
                  },
                  "description_kind": "plain"
                }
              }
            },
            "description_kind": "plain"
          }
        },
        "huaweicloudstack_networking_vip_associate_v2": {
          "version": 0,
          "block": {
            "attributes": {
              "id": {
                "type": "string",
                "description_kind": "plain",
                "optional": true,
                "computed": true
              },
              "port_ids": {
                "type": [
                  "set",
                  "string"
                ],
                "description_kind": "plain",
                "required": true
              },
              "vip_id": {
                "type": "string",
                "description_kind": "plain",
                "required": true
              },
              "vip_ip_address": {
                "type": "string",
                "description_kind": "plain",
                "computed": true
              },
              "vip_subnet_id": {
                "type": "string",
                "description_kind": "plain",
                "computed": true
              }
            },
            "description_kind": "plain"
          }
        },
        "huaweicloudstack_networking_vip_v2": {
          "version": 0,
          "block": {
            "attributes": {
              "device_owner": {
                "type": "string",
                "description_kind": "plain",
                "computed": true
              },
              "id": {
                "type": "string",
                "description_kind": "plain",
                "optional": true,
                "computed": true
              },
              "ip_address": {
                "type": "string",
                "description_kind": "plain",
                "optional": true,
                "computed": true
              },
              "name": {
                "type": "string",
                "description_kind": "plain",
                "optional": true,
                "computed": true
              },
              "network_id": {
                "type": "string",
                "description_kind": "plain",
                "required": true
              },
              "status": {
                "type": "string",
                "description_kind": "plain",
                "computed": true
              },
              "subnet_id": {
                "type": "string",
                "description_kind": "plain",
                "required": true
              },
              "tenant_id": {
                "type": "string",
                "description_kind": "plain",
                "computed": true
              }
            },
            "description_kind": "plain"
          }
        }
      },
      "data_source_schemas": {
        "huaweicloudstack_images_image_v2": {
          "version": 0,
          "block": {
            "attributes": {
              "checksum": {
                "type": "string",
                "description_kind": "plain",
                "computed": true
              },
              "container_format": {
                "type": "string",
                "description_kind": "plain",
                "computed": true
              },
              "disk_format": {
                "type": "string",
                "description_kind": "plain",
                "computed": true
              },
              "file": {
                "type": "string",
                "description_kind": "plain",
                "computed": true
              },
              "id": {
                "type": "string",
                "description_kind": "plain",
                "optional": true,
                "computed": true
              },
              "metadata": {
                "type": [
                  "map",
                  "string"
                ],
                "description_kind": "plain",
                "computed": true
              },
              "min_disk_gb": {
                "type": "number",
                "description_kind": "plain",
                "computed": true
              },
              "min_ram_mb": {
                "type": "number",
                "description_kind": "plain",
                "computed": true
              },
              "most_recent": {
                "type": "bool",
                "description_kind": "plain",
                "optional": true
              },
              "name": {
                "type": "string",
                "description_kind": "plain",
                "optional": true
              },
              "owner": {
                "type": "string",
                "description_kind": "plain",
                "optional": true
              },
              "protected": {
                "type": "bool",
                "description_kind": "plain",
                "computed": true
              },
              "region": {
                "type": "string",
                "description_kind": "plain",
                "optional": true,
                "computed": true
              },
              "schema": {
                "type": "string",
                "description_kind": "plain",
                "computed": true
              },
              "size_bytes": {
                "type": "number",
                "description_kind": "plain",
                "computed": true
              },
              "size_max": {
                "type": "number",
                "description_kind": "plain",
                "optional": true
              },
              "size_min": {
                "type": "number",
                "description_kind": "plain",
                "optional": true
              },
              "sort_direction": {
                "type": "string",
                "description_kind": "plain",
                "optional": true
              },
              "sort_key": {
                "type": "string",
                "description_kind": "plain",
                "optional": true
              },
              "tag": {
                "type": "string",
                "description_kind": "plain",
                "optional": true
              },
              "updated_at": {
                "type": "string",
                "description_kind": "plain",
                "computed": true
              },
              "visibility": {
                "type": "string",
                "description_kind": "plain",
                "optional": true
              }
            },
            "description_kind": "plain"
          }
        },
        "huaweicloudstack_kms_data_key_v1": {
          "version": 0,
          "block": {
            "attributes": {
              "cipher_text": {
                "type": "string",
                "description_kind": "plain",
                "optional": true
              },
              "datakey_length": {
                "type": "string",
                "description_kind": "plain",
                "required": true
              },
              "encryption_context": {
                "type": "string",
                "description_kind": "plain",
                "optional": true
              },
              "id": {
                "type": "string",
                "description_kind": "plain",
                "optional": true,
                "computed": true
              },
              "key_id": {
                "type": "string",
                "description_kind": "plain",
                "required": true
              },
              "plain_text": {
                "type": "string",
                "description_kind": "plain",
                "optional": true,
                "computed": true
              }
            },
            "description_kind": "plain"
          }
        },
        "huaweicloudstack_kms_key_v1": {
          "version": 0,
          "block": {
            "attributes": {
              "creation_date": {
                "type": "string",
                "description_kind": "plain",
                "computed": true
              },
              "default_key_flag": {
                "type": "string",
                "description_kind": "plain",
                "optional": true,
                "computed": true
              },
              "domain_id": {
                "type": "string",
                "description_kind": "plain",
                "optional": true,
                "computed": true
              },
              "id": {
                "type": "string",
                "description_kind": "plain",
                "optional": true,
                "computed": true
              },
              "key_alias": {
                "type": "string",
                "description_kind": "plain",
                "optional": true
              },
              "key_description": {
                "type": "string",
                "description_kind": "plain",
                "optional": true
              },
              "key_id": {
                "type": "string",
                "description_kind": "plain",
                "optional": true
              },
              "key_state": {
                "type": "string",
                "description_kind": "plain",
                "optional": true,
                "computed": true
              },
              "realm": {
                "type": "string",
                "description_kind": "plain",
                "optional": true,
                "computed": true
              },
              "scheduled_deletion_date": {
                "type": "string",
                "description_kind": "plain",
                "computed": true
              }
            },
            "description_kind": "plain"
          }
        },
        "huaweicloudstack_networking_network_v2": {
          "version": 0,
          "block": {
            "attributes": {
              "admin_state_up": {
                "type": "string",
                "description_kind": "plain",
                "computed": true
              },
              "id": {
                "type": "string",
                "description_kind": "plain",
                "optional": true,
                "computed": true
              },
              "matching_subnet_cidr": {
                "type": "string",
                "description_kind": "plain",
                "optional": true
              },
              "name": {
                "type": "string",
                "description_kind": "plain",
                "optional": true
              },
              "network_id": {
                "type": "string",
                "description_kind": "plain",
                "optional": true
              },
              "region": {
                "type": "string",
                "description_kind": "plain",
                "optional": true,
                "computed": true
              },
              "shared": {
                "type": "string",
                "description_kind": "plain",
                "computed": true
              },
              "tenant_id": {
                "type": "string",
                "description": "The ID of the Tenant (Identity v2) or Project (Identity v3)\nto login with.",
                "description_kind": "plain",
                "optional": true
              }
            },
            "description_kind": "plain"
          }
        },
        "huaweicloudstack_networking_port_v2": {
          "version": 0,
          "block": {
            "attributes": {
              "admin_state_up": {
                "type": "bool",
                "description_kind": "plain",
                "optional": true
              },
              "all_fixed_ips": {
                "type": [
                  "list",
                  "string"
                ],
                "description_kind": "plain",
                "computed": true
              },
              "all_security_group_ids": {
                "type": [
                  "set",
                  "string"
                ],
                "description_kind": "plain",
                "computed": true
              },
              "device_id": {
                "type": "string",
                "description_kind": "plain",
                "optional": true
              },
              "device_owner": {
                "type": "string",
                "description_kind": "plain",
                "optional": true
              },
              "fixed_ip": {
                "type": "string",
                "description_kind": "plain",
                "optional": true
              },
              "id": {
                "type": "string",
                "description_kind": "plain",
                "optional": true,
                "computed": true
              },
              "mac_address": {
                "type": "string",
                "description_kind": "plain",
                "optional": true
              },
              "name": {
                "type": "string",
                "description_kind": "plain",
                "optional": true
              },
              "network_id": {
                "type": "string",
                "description_kind": "plain",
                "optional": true
              },
              "port_id": {
                "type": "string",
                "description_kind": "plain",
                "optional": true
              },
              "project_id": {
                "type": "string",
                "description_kind": "plain",
                "optional": true
              },
              "region": {
                "type": "string",
                "description_kind": "plain",
                "optional": true
              },
              "security_group_ids": {
                "type": [
                  "set",
                  "string"
                ],
                "description_kind": "plain",
                "optional": true
              },
              "status": {
                "type": "string",
                "description_kind": "plain",
                "optional": true
              },
              "tenant_id": {
                "type": "string",
                "description_kind": "plain",
                "optional": true
              }
            },
            "description_kind": "plain"
          }
        },
        "huaweicloudstack_networking_secgroup_v2": {
          "version": 0,
          "block": {
            "attributes": {
              "id": {
                "type": "string",
                "description_kind": "plain",
                "optional": true,
                "computed": true
              },
              "name": {
                "type": "string",
                "description_kind": "plain",
                "optional": true
              },
              "region": {
                "type": "string",
                "description_kind": "plain",
                "optional": true,
                "computed": true
              },
              "secgroup_id": {
                "type": "string",
                "description_kind": "plain",
                "optional": true
              },
              "tenant_id": {
                "type": "string",
                "description_kind": "plain",
                "optional": true,
                "computed": true
              }
            },
            "description_kind": "plain"
          }
        },
        "huaweicloudstack_networking_subnet_v2": {
          "version": 0,
          "block": {
            "attributes": {
              "allocation_pools": {
                "type": [
                  "list",
                  [
                    "object",
                    {
                      "end": "string",
                      "start": "string"
                    }
                  ]
                ],
                "description_kind": "plain",
                "computed": true
              },
              "cidr": {
                "type": "string",
                "description_kind": "plain",
                "optional": true,
                "computed": true
              },
              "dhcp_disabled": {
                "type": "bool",
                "description_kind": "plain",
                "optional": true
              },
              "dhcp_enabled": {
                "type": "bool",
                "description_kind": "plain",
                "optional": true
              },
              "dns_nameservers": {
                "type": [
                  "set",
                  "string"
                ],
                "description_kind": "plain",
                "computed": true
              },
              "enable_dhcp": {
                "type": "bool",
                "description_kind": "plain",
                "computed": true
              },
              "gateway_ip": {
                "type": "string",
                "description_kind": "plain",
                "optional": true,
                "computed": true
              },
              "host_routes": {
                "type": [
                  "list",
                  [
                    "object",
                    {
                      "destination_cidr": "string",
                      "next_hop": "string"
                    }
                  ]
                ],
                "description_kind": "plain",
                "computed": true
              },
              "id": {
                "type": "string",
                "description_kind": "plain",
                "optional": true,
                "computed": true
              },
              "ip_version": {
                "type": "number",
                "description_kind": "plain",
                "optional": true,
                "computed": true
              },
              "ipv6_address_mode": {
                "type": "string",
                "description_kind": "plain",
                "optional": true,
                "computed": true
              },
              "ipv6_ra_mode": {
                "type": "string",
                "description_kind": "plain",
                "optional": true,
                "computed": true
              },
              "name": {
                "type": "string",
                "description_kind": "plain",
                "optional": true,
                "computed": true
              },
              "network_id": {
                "type": "string",
                "description_kind": "plain",
                "optional": true,
                "computed": true
              },
              "region": {
                "type": "string",
                "description_kind": "plain",
                "optional": true,
                "computed": true
              },
              "subnet_id": {
                "type": "string",
                "description_kind": "plain",
                "optional": true,
                "computed": true
              },
              "tenant_id": {
                "type": "string",
                "description": "The ID of the Tenant (Identity v2) or Project (Identity v3)\nto login with.",
                "description_kind": "plain",
                "optional": true,
                "computed": true
              }
            },
            "description_kind": "plain"
          }
        }
      }
    }
  }
}
