{
  "format_version": "1.0",
  "provider_schemas": {
    "registry.terraform.io/launchdarkly/launchdarkly": {
      "provider": {
        "version": 0,
        "block": {
          "attributes": {
            "access_token": {
              "type": "string",
              "description": "The [personal access token](https://docs.launchdarkly.com/home/account-security/api-access-tokens#personal-tokens) or [service token](https://docs.launchdarkly.com/home/account-security/api-access-tokens#service-tokens) used to authenticate with LaunchDarkly. You can also set this with the `LAUNCHDARKLY_ACCESS_TOKEN` environment variable. You must provide either `access_token` or `oauth_token`.",
              "description_kind": "plain",
              "optional": true
            },
            "api_host": {
              "type": "string",
              "description": "The LaunchDarkly host address. If this argument is not specified, the default host address is `https://app.launchdarkly.com`",
              "description_kind": "plain",
              "optional": true
            },
            "http_timeout": {
              "type": "number",
              "description": "The HTTP timeout (in seconds) when making API calls to LaunchDarkly.",
              "description_kind": "plain",
              "optional": true
            },
            "oauth_token": {
              "type": "string",
              "description": "An OAuth V2 token you use to authenticate with LaunchDarkly. You can also set this with the `LAUNCHDARKLY_OAUTH_TOKEN` environment variable. You must provide either `access_token` or `oauth_token`.",
              "description_kind": "plain",
              "optional": true
            }
          },
          "description_kind": "plain"
        }
      },
      "resource_schemas": {
        "launchdarkly_access_token": {
          "version": 0,
          "block": {
            "attributes": {
              "custom_roles": {
                "type": [
                  "set",
                  "string"
                ],
                "description": "A list of custom role IDs to use as access limits for the access token.",
                "description_kind": "plain",
                "optional": true
              },
              "default_api_version": {
                "type": "number",
                "description": "The default API version for this token. Defaults to the latest API version. A change in this field will force the destruction of the existing token in state and the creation of a new one.",
                "description_kind": "plain",
                "optional": true,
                "computed": true
              },
              "expire": {
                "type": "number",
                "description": "An expiration time for the current token secret, expressed as a Unix epoch time. Replace the computed token secret with a new value. The expired secret will no longer be able to authorize usage of the LaunchDarkly API. This field argument is **deprecated**. Please update your config to remove `expire` to maintain compatibility with future versions",
                "description_kind": "plain",
                "deprecated": true,
                "optional": true
              },
              "id": {
                "type": "string",
                "description_kind": "plain",
                "optional": true,
                "computed": true
              },
              "name": {
                "type": "string",
                "description": "A human-friendly name for the access token.",
                "description_kind": "plain",
                "optional": true
              },
              "role": {
                "type": "string",
                "description": "A built-in LaunchDarkly role. Can be `reader`, `writer`, or `admin`",
                "description_kind": "plain",
                "optional": true
              },
              "service_token": {
                "type": "bool",
                "description": "Whether the token will be a [service token](https://docs.launchdarkly.com/home/account-security/api-access-tokens#service-tokens). A change in this field will force the destruction of the existing token and the creation of a new one.",
                "description_kind": "plain",
                "optional": true
              },
              "token": {
                "type": "string",
                "description": "The access token used to authorize usage of the LaunchDarkly API.",
                "description_kind": "plain",
                "computed": true,
                "sensitive": true
              }
            },
            "block_types": {
              "inline_roles": {
                "nesting_mode": "list",
                "block": {
                  "attributes": {
                    "actions": {
                      "type": [
                        "list",
                        "string"
                      ],
                      "description": "The list of action specifiers defining the actions to which the statement applies.\nEither `actions` or `not_actions` must be specified. For a list of available actions read [Actions reference](https://docs.launchdarkly.com/home/account-security/custom-roles/actions#actions-reference).",
                      "description_kind": "plain",
                      "optional": true
                    },
                    "effect": {
                      "type": "string",
                      "description": "Either `allow` or `deny`. This argument defines whether the statement allows or denies access to the named resources and actions.",
                      "description_kind": "plain",
                      "required": true
                    },
                    "not_actions": {
                      "type": [
                        "list",
                        "string"
                      ],
                      "description": "The list of action specifiers defining the actions to which the statement does not apply.",
                      "description_kind": "plain",
                      "optional": true
                    },
                    "not_resources": {
                      "type": [
                        "list",
                        "string"
                      ],
                      "description": "The list of resource specifiers defining the resources to which the statement does not apply.",
                      "description_kind": "plain",
                      "optional": true
                    },
                    "resources": {
                      "type": [
                        "list",
                        "string"
                      ],
                      "description": "The list of resource specifiers defining the resources to which the statement applies.",
                      "description_kind": "plain",
                      "optional": true
                    }
                  },
                  "description": "Define inline custom roles. An array of statements represented as config blocks with three attributes: effect, resources, actions. May be used in place of a built-in or custom role. [Using polices](https://docs.launchdarkly.com/home/members/role-policies). May be specified more than once.",
                  "description_kind": "plain"
                }
              },
              "policy_statements": {
                "nesting_mode": "list",
                "block": {
                  "attributes": {
                    "actions": {
                      "type": [
                        "list",
                        "string"
                      ],
                      "description": "The list of action specifiers defining the actions to which the statement applies.\nEither `actions` or `not_actions` must be specified. For a list of available actions read [Actions reference](https://docs.launchdarkly.com/home/account-security/custom-roles/actions#actions-reference).",
                      "description_kind": "plain",
                      "optional": true
                    },
                    "effect": {
                      "type": "string",
                      "description": "Either `allow` or `deny`. This argument defines whether the statement allows or denies access to the named resources and actions.",
                      "description_kind": "plain",
                      "required": true
                    },
                    "not_actions": {
                      "type": [
                        "list",
                        "string"
                      ],
                      "description": "The list of action specifiers defining the actions to which the statement does not apply.",
                      "description_kind": "plain",
                      "optional": true
                    },
                    "not_resources": {
                      "type": [
                        "list",
                        "string"
                      ],
                      "description": "The list of resource specifiers defining the resources to which the statement does not apply.",
                      "description_kind": "plain",
                      "optional": true
                    },
                    "resources": {
                      "type": [
                        "list",
                        "string"
                      ],
                      "description": "The list of resource specifiers defining the resources to which the statement applies.",
                      "description_kind": "plain",
                      "optional": true
                    }
                  },
                  "description": "Define inline custom roles. An array of statements represented as config blocks with three attributes: effect, resources, actions. May be used in place of a built-in or custom role. May be specified more than once. This field argument is **deprecated**. Update your config to use `inline_role` to maintain compatibility with future versions.",
                  "description_kind": "plain",
                  "deprecated": true
                }
              }
            },
            "description": "Provides a LaunchDarkly access token resource.\n\nThis resource allows you to create and manage access tokens within your LaunchDarkly organization.\n\n-> **Note:** This resource will store the full plaintext secret for your access token in Terraform state. Be sure your state is configured securely before using this resource. See https://www.terraform.io/docs/state/sensitive-data.html for more details.\n\nThe resource must contain either a \"role\", \"custom_role\" or an \"inline_roles\" (previously \"policy_statements\") block. As of v1.7.0, \"policy_statements\" has been deprecated in favor of \"inline_roles\".",
            "description_kind": "plain"
          }
        },
        "launchdarkly_audit_log_subscription": {
          "version": 0,
          "block": {
            "attributes": {
              "config": {
                "type": [
                  "map",
                  "string"
                ],
                "description": "The set of configuration fields corresponding to the value defined for `integration_key`. Refer to the `formVariables` field in the corresponding `integrations/<integration_key>/manifest.json` file in [this repo](https://github.com/launchdarkly/integration-framework/tree/master/integrations) for a full list of fields for the integration you wish to configure. **IMPORTANT**: Please note that Terraform will only accept these in snake case, regardless of the case shown in the manifest.",
                "description_kind": "plain",
                "required": true
              },
              "id": {
                "type": "string",
                "description_kind": "plain",
                "optional": true,
                "computed": true
              },
              "integration_key": {
                "type": "string",
                "description": "The integration key. Supported integration keys are `cloudtrail`, `datadog`, `dynatrace`, `elastic`, `grafana`, `honeycomb`, `logdna`, `msteams`, `new-relic-apm`, `signalfx`, `slack`, and `splunk`. A change in this field will force the destruction of the existing resource and the creation of a new one.",
                "description_kind": "plain",
                "required": true
              },
              "name": {
                "type": "string",
                "description": "A human-friendly name for your audit log subscription viewable from within the LaunchDarkly Integrations page.",
                "description_kind": "plain",
                "required": true
              },
              "on": {
                "type": "bool",
                "description": "Whether or not you want your subscription enabled, i.e. to actively send events.",
                "description_kind": "plain",
                "required": true
              },
              "tags": {
                "type": [
                  "set",
                  "string"
                ],
                "description": "Tags associated with your resource.",
                "description_kind": "plain",
                "optional": true
              }
            },
            "block_types": {
              "statements": {
                "nesting_mode": "list",
                "block": {
                  "attributes": {
                    "actions": {
                      "type": [
                        "list",
                        "string"
                      ],
                      "description": "The list of action specifiers defining the actions to which the statement applies.\nEither `actions` or `not_actions` must be specified. For a list of available actions read [Actions reference](https://docs.launchdarkly.com/home/account-security/custom-roles/actions#actions-reference).",
                      "description_kind": "plain",
                      "optional": true
                    },
                    "effect": {
                      "type": "string",
                      "description": "Either `allow` or `deny`. This argument defines whether the statement allows or denies access to the named resources and actions.",
                      "description_kind": "plain",
                      "required": true
                    },
                    "not_actions": {
                      "type": [
                        "list",
                        "string"
                      ],
                      "description": "The list of action specifiers defining the actions to which the statement does not apply.",
                      "description_kind": "plain",
                      "optional": true
                    },
                    "not_resources": {
                      "type": [
                        "list",
                        "string"
                      ],
                      "description": "The list of resource specifiers defining the resources to which the statement does not apply.",
                      "description_kind": "plain",
                      "optional": true
                    },
                    "resources": {
                      "type": [
                        "list",
                        "string"
                      ],
                      "description": "The list of resource specifiers defining the resources to which the statement applies.",
                      "description_kind": "plain",
                      "optional": true
                    }
                  },
                  "description": "A block representing the resources to which you wish to subscribe.",
                  "description_kind": "plain"
                },
                "min_items": 1
              }
            },
            "description": "Provides a LaunchDarkly audit log subscription resource.\n\nThis resource allows you to create and manage LaunchDarkly audit log subscriptions.",
            "description_kind": "plain"
          }
        },
        "launchdarkly_custom_role": {
          "version": 0,
          "block": {
            "attributes": {
              "base_permissions": {
                "type": "string",
                "description": "The base permission level - either reader or no_access. Defaults to reader",
                "description_kind": "plain",
                "optional": true
              },
              "description": {
                "type": "string",
                "description": "Description of the custom role",
                "description_kind": "plain",
                "optional": true
              },
              "id": {
                "type": "string",
                "description_kind": "plain",
                "optional": true,
                "computed": true
              },
              "key": {
                "type": "string",
                "description": "A unique key that will be used to reference the custom role in your code",
                "description_kind": "plain",
                "required": true
              },
              "name": {
                "type": "string",
                "description": "A name for the custom role",
                "description_kind": "plain",
                "required": true
              }
            },
            "block_types": {
              "policy": {
                "nesting_mode": "set",
                "block": {
                  "attributes": {
                    "actions": {
                      "type": [
                        "list",
                        "string"
                      ],
                      "description_kind": "plain",
                      "required": true
                    },
                    "effect": {
                      "type": "string",
                      "description_kind": "plain",
                      "required": true
                    },
                    "resources": {
                      "type": [
                        "list",
                        "string"
                      ],
                      "description_kind": "plain",
                      "required": true
                    }
                  },
                  "description_kind": "plain",
                  "deprecated": true
                }
              },
              "policy_statements": {
                "nesting_mode": "list",
                "block": {
                  "attributes": {
                    "actions": {
                      "type": [
                        "list",
                        "string"
                      ],
                      "description": "The list of action specifiers defining the actions to which the statement applies.\nEither `actions` or `not_actions` must be specified. For a list of available actions read [Actions reference](https://docs.launchdarkly.com/home/account-security/custom-roles/actions#actions-reference).",
                      "description_kind": "plain",
                      "optional": true
                    },
                    "effect": {
                      "type": "string",
                      "description": "Either `allow` or `deny`. This argument defines whether the statement allows or denies access to the named resources and actions.",
                      "description_kind": "plain",
                      "required": true
                    },
                    "not_actions": {
                      "type": [
                        "list",
                        "string"
                      ],
                      "description": "The list of action specifiers defining the actions to which the statement does not apply.",
                      "description_kind": "plain",
                      "optional": true
                    },
                    "not_resources": {
                      "type": [
                        "list",
                        "string"
                      ],
                      "description": "The list of resource specifiers defining the resources to which the statement does not apply.",
                      "description_kind": "plain",
                      "optional": true
                    },
                    "resources": {
                      "type": [
                        "list",
                        "string"
                      ],
                      "description": "The list of resource specifiers defining the resources to which the statement applies.",
                      "description_kind": "plain",
                      "optional": true
                    }
                  },
                  "description_kind": "plain"
                }
              }
            },
            "description": "Provides a LaunchDarkly custom role resource.\n\n-> **Note:** Custom roles are available to customers on an Enterprise LaunchDarkly plan. To learn more, read about our pricing. To upgrade your plan, [contact LaunchDarkly Sales](https://launchdarkly.com/contact-sales/).\n\nThis resource allows you to create and manage custom roles within your LaunchDarkly organization.",
            "description_kind": "plain"
          }
        },
        "launchdarkly_destination": {
          "version": 0,
          "block": {
            "attributes": {
              "config": {
                "type": [
                  "map",
                  "string"
                ],
                "description": "The destination-specific configuration. To learn more, read [Destination-Specific Configs](#destination-specific-configs)",
                "description_kind": "plain",
                "required": true
              },
              "env_key": {
                "type": "string",
                "description": "The environment key. A change in this field will force the destruction of the existing resource and the creation of a new one.",
                "description_kind": "plain",
                "required": true
              },
              "id": {
                "type": "string",
                "description_kind": "plain",
                "optional": true,
                "computed": true
              },
              "kind": {
                "type": "string",
                "description": "The data export destination type. Available choices are `kinesis`, `google-pubsub`, `mparticle`, `azure-event-hubs`, and `segment`. A change in this field will force the destruction of the existing resource and the creation of a new one.",
                "description_kind": "plain",
                "required": true
              },
              "name": {
                "type": "string",
                "description": "A human-readable name for your data export destination.",
                "description_kind": "plain",
                "required": true
              },
              "on": {
                "type": "bool",
                "description": "Whether the data export destination is on or not.",
                "description_kind": "plain",
                "optional": true
              },
              "project_key": {
                "type": "string",
                "description": "The LaunchDarkly project key. A change in this field will force the destruction of the existing resource and the creation of a new one.",
                "description_kind": "plain",
                "required": true
              },
              "tags": {
                "type": [
                  "set",
                  "string"
                ],
                "description": "Tags associated with your resource.",
                "description_kind": "plain",
                "optional": true
              }
            },
            "description": "Provides a LaunchDarkly Data Export Destination resource.\n\n-> **Note:** Data Export is available to customers on an Enterprise LaunchDarkly plan. To learn more, read about our pricing. To upgrade your plan, [contact LaunchDarkly Sales](https://launchdarkly.com/contact-sales/).\n\nData Export Destinations are locations that receive exported data. This resource allows you to configure destinations for the export of raw analytics data, including feature flag requests, analytics events, custom events, and more.\n\nTo learn more about data export, read [Data Export Documentation](https://docs.launchdarkly.com/integrations/data-export).",
            "description_kind": "plain"
          }
        },
        "launchdarkly_environment": {
          "version": 0,
          "block": {
            "attributes": {
              "api_key": {
                "type": "string",
                "description": "The environment's SDK key.",
                "description_kind": "plain",
                "computed": true,
                "sensitive": true
              },
              "client_side_id": {
                "type": "string",
                "description": "The environment's client-side ID.",
                "description_kind": "plain",
                "computed": true,
                "sensitive": true
              },
              "color": {
                "type": "string",
                "description": "The color swatch as an RGB hex value with no leading `#`. For example: `000000`",
                "description_kind": "plain",
                "required": true
              },
              "confirm_changes": {
                "type": "bool",
                "description": "Set to `true` if this environment requires confirmation for flag and segment changes. This field will default to `false` when not set.",
                "description_kind": "plain",
                "optional": true
              },
              "default_track_events": {
                "type": "bool",
                "description": "Set to `true` to enable data export for every flag created in this environment after you configure this argument. This field will default to `false` when not set. To learn more, read [Data Export](https://docs.launchdarkly.com/home/data-export).",
                "description_kind": "plain",
                "optional": true
              },
              "default_ttl": {
                "type": "number",
                "description": "The TTL for the environment. This must be between 0 and 60 minutes. The TTL setting only applies to environments using the PHP SDK. This field will default to `0` when not set. To learn more, read [TTL settings](https://docs.launchdarkly.com/home/organize/environments#ttl-settings).",
                "description_kind": "plain",
                "optional": true
              },
              "id": {
                "type": "string",
                "description_kind": "plain",
                "optional": true,
                "computed": true
              },
              "key": {
                "type": "string",
                "description": "The project-unique key for the environment. A change in this field will force the destruction of the existing resource and the creation of a new one.",
                "description_kind": "plain",
                "required": true
              },
              "mobile_key": {
                "type": "string",
                "description": "The environment's mobile key.",
                "description_kind": "plain",
                "computed": true,
                "sensitive": true
              },
              "name": {
                "type": "string",
                "description": "The name of the environment.",
                "description_kind": "plain",
                "required": true
              },
              "project_key": {
                "type": "string",
                "description": "The LaunchDarkly project key",
                "description_kind": "plain",
                "required": true
              },
              "require_comments": {
                "type": "bool",
                "description": "Set to `true` if this environment requires comments for flag and segment changes. This field will default to `false` when not set.",
                "description_kind": "plain",
                "optional": true
              },
              "secure_mode": {
                "type": "bool",
                "description": "Set to `true` to ensure a user of the client-side SDK cannot impersonate another user. This field will default to `false` when not set.",
                "description_kind": "plain",
                "optional": true
              },
              "tags": {
                "type": [
                  "set",
                  "string"
                ],
                "description": "Tags associated with your resource.",
                "description_kind": "plain",
                "optional": true
              }
            },
            "block_types": {
              "approval_settings": {
                "nesting_mode": "list",
                "block": {
                  "attributes": {
                    "can_apply_declined_changes": {
                      "type": "bool",
                      "description": "Set to `true` if changes can be applied as long as the `min_num_approvals` is met, regardless of whether any reviewers have declined a request. Defaults to `true`.",
                      "description_kind": "plain",
                      "optional": true
                    },
                    "can_review_own_request": {
                      "type": "bool",
                      "description": "Set to `true` if requesters can approve or decline their own request. They may always comment. Defaults to `false`.",
                      "description_kind": "plain",
                      "optional": true
                    },
                    "min_num_approvals": {
                      "type": "number",
                      "description": "The number of approvals required before an approval request can be applied. This number must be between 1 and 5. Defaults to 1.",
                      "description_kind": "plain",
                      "optional": true
                    },
                    "required": {
                      "type": "bool",
                      "description": "Set to `true` for changes to flags in this environment to require approval. You may only set `required` to true if `required_approval_tags` is not set and vice versa. Defaults to `false`.",
                      "description_kind": "plain",
                      "optional": true
                    },
                    "required_approval_tags": {
                      "type": [
                        "list",
                        "string"
                      ],
                      "description": "An array of tags used to specify which flags with those tags require approval. You may only set `required_approval_tags` if `required` is not set to `true` and vice versa.",
                      "description_kind": "plain",
                      "optional": true
                    }
                  },
                  "description_kind": "plain"
                }
              }
            },
            "description": "Provides a LaunchDarkly environment resource.\n\nThis resource allows you to create and manage environments in your LaunchDarkly organization. This resource should _not_ be used if the encapsulated project is also managed via Terraform. In this case, you should _always_ use the nested environments config blocks on your `launchdarkly_project` resource to manage your environments.\n\n-> **Note:** Mixing the use of nested `environments` blocks in the [`launchdarkly_project`] resource and `launchdarkly_environment` resources is not recommended.",
            "description_kind": "plain"
          }
        },
        "launchdarkly_feature_flag": {
          "version": 0,
          "block": {
            "attributes": {
              "archived": {
                "type": "bool",
                "description": "Specifies whether the flag is archived or not. Note that you cannot create a new flag that is archived, but can update a flag to be archived.",
                "description_kind": "plain",
                "optional": true
              },
              "description": {
                "type": "string",
                "description": "The feature flag's description.",
                "description_kind": "plain",
                "optional": true
              },
              "id": {
                "type": "string",
                "description_kind": "plain",
                "optional": true,
                "computed": true
              },
              "include_in_snippet": {
                "type": "bool",
                "description": "Specifies whether this flag should be made available to the client-side JavaScript SDK using the client-side Id. This value gets its default from your project configuration if not set. `include_in_snippet` is now deprecated. Please migrate to `client_side_availability.using_environment_id` to maintain future compatibility.",
                "description_kind": "plain",
                "deprecated": true,
                "optional": true,
                "computed": true
              },
              "key": {
                "type": "string",
                "description": "The unique feature flag key that references the flag in your application code. A change in this field will force the destruction of the existing resource and the creation of a new one.",
                "description_kind": "plain",
                "required": true
              },
              "maintainer_id": {
                "type": "string",
                "description": "The feature flag maintainer's 24 character alphanumeric team member ID. If not set, it will automatically be or stay set to the member ID associated with the API key used by your LaunchDarkly Terraform provider or the most recently-set maintainer.",
                "description_kind": "plain",
                "optional": true,
                "computed": true
              },
              "name": {
                "type": "string",
                "description": "The human-readable name of the feature flag.",
                "description_kind": "plain",
                "required": true
              },
              "project_key": {
                "type": "string",
                "description": "The feature flag's project key. A change in this field will force the destruction of the existing resource and the creation of a new one.",
                "description_kind": "plain",
                "required": true
              },
              "tags": {
                "type": [
                  "set",
                  "string"
                ],
                "description": "Tags associated with your resource.",
                "description_kind": "plain",
                "optional": true
              },
              "temporary": {
                "type": "bool",
                "description": "Specifies whether the flag is a temporary flag.",
                "description_kind": "plain",
                "optional": true
              },
              "variation_type": {
                "type": "string",
                "description": "The feature flag's variation type: `boolean`, `string`, `number` or `json`.",
                "description_kind": "plain",
                "required": true
              }
            },
            "block_types": {
              "client_side_availability": {
                "nesting_mode": "list",
                "block": {
                  "attributes": {
                    "using_environment_id": {
                      "type": "bool",
                      "description": "Whether this flag is available to SDKs using the client-side ID.",
                      "description_kind": "plain",
                      "optional": true,
                      "computed": true
                    },
                    "using_mobile_key": {
                      "type": "bool",
                      "description": "Whether this flag is available to SDKs using a mobile key.",
                      "description_kind": "plain",
                      "optional": true
                    }
                  },
                  "description_kind": "plain"
                }
              },
              "custom_properties": {
                "nesting_mode": "set",
                "block": {
                  "attributes": {
                    "key": {
                      "type": "string",
                      "description": "The unique custom property key.",
                      "description_kind": "plain",
                      "required": true
                    },
                    "name": {
                      "type": "string",
                      "description": "The name of the custom property.",
                      "description_kind": "plain",
                      "required": true
                    },
                    "value": {
                      "type": [
                        "list",
                        "string"
                      ],
                      "description": "The list of custom property value strings.",
                      "description_kind": "plain",
                      "required": true
                    }
                  },
                  "description": "List of nested blocks describing the feature flag's [custom properties](https://docs.launchdarkly.com/home/connecting/custom-properties)",
                  "description_kind": "plain"
                },
                "max_items": 64
              },
              "defaults": {
                "nesting_mode": "list",
                "block": {
                  "attributes": {
                    "off_variation": {
                      "type": "number",
                      "description": "The index of the variation the flag will default to in all new environments when off.",
                      "description_kind": "plain",
                      "required": true
                    },
                    "on_variation": {
                      "type": "number",
                      "description": "The index of the variation the flag will default to in all new environments when on.",
                      "description_kind": "plain",
                      "required": true
                    }
                  },
                  "description": "A block containing the indices of the variations to be used as the default on and off variations in all new environments. Flag configurations in existing environments will not be changed nor updated if the configuration block is removed.",
                  "description_kind": "plain"
                },
                "max_items": 1
              },
              "variations": {
                "nesting_mode": "list",
                "block": {
                  "attributes": {
                    "description": {
                      "type": "string",
                      "description": "The variation's description.",
                      "description_kind": "plain",
                      "optional": true
                    },
                    "name": {
                      "type": "string",
                      "description": "The name of the variation.",
                      "description_kind": "plain",
                      "optional": true
                    },
                    "value": {
                      "type": "string",
                      "description": "The variation value. The value's type must correspond to the `variation_type` argument. For example: `variation_type = \"boolean\"` accepts only `true` or `false`. The `number` variation type accepts both floats and ints, but please note that any trailing zeroes on floats will be trimmed (i.e. `1.1` and `1.100` will both be converted to `1.1`).\n\nIf you wish to define an empty string variation, you must still define the value field on the variations block like so:\n\n```terraform\nvariations {\n  value = \"\"\n}\n```",
                      "description_kind": "plain",
                      "required": true
                    }
                  },
                  "description": "An array of possible variations for the flag",
                  "description_kind": "plain"
                }
              }
            },
            "description": "Provides a LaunchDarkly feature flag resource.\n\nThis resource allows you to create and manage feature flags within your LaunchDarkly organization.",
            "description_kind": "plain"
          }
        },
        "launchdarkly_feature_flag_environment": {
          "version": 0,
          "block": {
            "attributes": {
              "env_key": {
                "type": "string",
                "description": "The environment key. A change in this field will force the destruction of the existing resource and the creation of a new one.",
                "description_kind": "plain",
                "required": true
              },
              "flag_id": {
                "type": "string",
                "description": "The feature flag's unique `id` in the format `project_key/flag_key`. A change in this field will force the destruction of the existing resource and the creation of a new one.",
                "description_kind": "plain",
                "required": true
              },
              "id": {
                "type": "string",
                "description_kind": "plain",
                "optional": true,
                "computed": true
              },
              "off_variation": {
                "type": "number",
                "description": "The index of the variation to serve if targeting is disabled.",
                "description_kind": "plain",
                "required": true
              },
              "on": {
                "type": "bool",
                "description": "Whether targeting is enabled. Defaults to `false` if not set.",
                "description_kind": "plain",
                "optional": true
              },
              "track_events": {
                "type": "bool",
                "description": "Whether to send event data back to LaunchDarkly. Defaults to `false` if not set.",
                "description_kind": "plain",
                "optional": true
              }
            },
            "block_types": {
              "context_targets": {
                "nesting_mode": "set",
                "block": {
                  "attributes": {
                    "context_kind": {
                      "type": "string",
                      "description": "The context kind on which the flag should target in this environment. User (`user`) targets should be specified as `targets` attribute blocks.",
                      "description_kind": "plain",
                      "required": true
                    },
                    "values": {
                      "type": [
                        "list",
                        "string"
                      ],
                      "description": "List of `user` strings to target.",
                      "description_kind": "plain",
                      "required": true
                    },
                    "variation": {
                      "type": "number",
                      "description": "The index of the variation to serve if a user target value is matched.",
                      "description_kind": "plain",
                      "required": true
                    }
                  },
                  "description": "The set of nested blocks describing the individual targets for non-user context kinds for each variation.",
                  "description_kind": "plain"
                }
              },
              "fallthrough": {
                "nesting_mode": "list",
                "block": {
                  "attributes": {
                    "bucket_by": {
                      "type": "string",
                      "description": "Group percentage rollout by a custom attribute. This argument is only valid if rollout_weights is also specified.",
                      "description_kind": "plain",
                      "optional": true
                    },
                    "context_kind": {
                      "type": "string",
                      "description": "The context kind associated with the specified rollout. This argument is only valid if rollout_weights is also specified. If omitted, defaults to `user`.",
                      "description_kind": "plain",
                      "optional": true
                    },
                    "rollout_weights": {
                      "type": [
                        "list",
                        "number"
                      ],
                      "description": "List of integer percentage rollout weights (in thousandths of a percent) to apply to each variation if the rule clauses evaluates to `true`. The sum of the `rollout_weights` must equal 100000 and the number of rollout weights specified in the array must match the number of flag variations. You must specify either `variation` or `rollout_weights`.",
                      "description_kind": "plain",
                      "optional": true
                    },
                    "variation": {
                      "type": "number",
                      "description": "The default integer variation index to serve if no `prerequisites`, `target`, or `rules` apply. You must specify either `variation` or `rollout_weights`.",
                      "description_kind": "plain",
                      "optional": true
                    }
                  },
                  "description": "Nested block describing the default variation to serve if no `prerequisites`, `target`, or `rules` apply.",
                  "description_kind": "plain"
                },
                "min_items": 1,
                "max_items": 1
              },
              "prerequisites": {
                "nesting_mode": "list",
                "block": {
                  "attributes": {
                    "flag_key": {
                      "type": "string",
                      "description": "The prerequisite feature flag's `key`.",
                      "description_kind": "plain",
                      "required": true
                    },
                    "variation": {
                      "type": "number",
                      "description": "The index of the prerequisite feature flag's variation to target.",
                      "description_kind": "plain",
                      "required": true
                    }
                  },
                  "description": "List of nested blocks describing prerequisite feature flags rules.",
                  "description_kind": "plain"
                }
              },
              "rules": {
                "nesting_mode": "list",
                "block": {
                  "attributes": {
                    "bucket_by": {
                      "type": "string",
                      "description": "Group percentage rollout by a custom attribute. This argument is only valid if `rollout_weights` is also specified.",
                      "description_kind": "plain",
                      "optional": true
                    },
                    "description": {
                      "type": "string",
                      "description": "A human-readable description of the targeting rule.",
                      "description_kind": "plain",
                      "optional": true
                    },
                    "rollout_weights": {
                      "type": [
                        "list",
                        "number"
                      ],
                      "description": "List of integer percentage rollout weights (in thousandths of a percent) to apply to each variation if the rule clauses evaluates to `true`. The sum of the `rollout_weights` must equal 100000 and the number of rollout weights specified in the array must match the number of flag variations. You must specify either `variation` or `rollout_weights`.",
                      "description_kind": "plain",
                      "optional": true
                    },
                    "variation": {
                      "type": "number",
                      "description": "The integer variation index to serve if the rule clauses evaluate to `true`. You must specify either `variation` or `rollout_weights`",
                      "description_kind": "plain",
                      "optional": true
                    }
                  },
                  "block_types": {
                    "clauses": {
                      "nesting_mode": "list",
                      "block": {
                        "attributes": {
                          "attribute": {
                            "type": "string",
                            "description": "The user attribute to operate on",
                            "description_kind": "plain",
                            "required": true
                          },
                          "context_kind": {
                            "type": "string",
                            "description": "The context kind associated with this rule clause. This argument is only valid if `rollout_weights` is also specified. If omitted, defaults to `user`.",
                            "description_kind": "plain",
                            "optional": true
                          },
                          "negate": {
                            "type": "bool",
                            "description": "Whether to negate the rule clause.",
                            "description_kind": "plain",
                            "optional": true
                          },
                          "op": {
                            "type": "string",
                            "description": "The operator associated with the rule clause. Available options are `in`, `endsWith`, `startsWith`, `matches`, `contains`, `lessThan`, `lessThanOrEqual`, `greaterThanOrEqual`, `before`, `after`, `segmentMatch`, `semVerEqual`, `semVerLessThan`, and `semVerGreaterThan`.",
                            "description_kind": "plain",
                            "required": true
                          },
                          "value_type": {
                            "type": "string",
                            "description": "The type for each of the clause's values. Available types are `boolean`, `string`, and `number`. If omitted, `value_type` defaults to `string`.",
                            "description_kind": "plain",
                            "optional": true
                          },
                          "values": {
                            "type": [
                              "list",
                              "string"
                            ],
                            "description": "The list of values associated with the rule clause.",
                            "description_kind": "plain",
                            "required": true
                          }
                        },
                        "description": "List of nested blocks specifying the logical clauses to evaluate",
                        "description_kind": "plain"
                      }
                    }
                  },
                  "description": "List of logical targeting rules.",
                  "description_kind": "plain"
                }
              },
              "targets": {
                "nesting_mode": "set",
                "block": {
                  "attributes": {
                    "values": {
                      "type": [
                        "list",
                        "string"
                      ],
                      "description": "List of `user` strings to target.",
                      "description_kind": "plain",
                      "required": true
                    },
                    "variation": {
                      "type": "number",
                      "description": "The index of the variation to serve if a user target value is matched.",
                      "description_kind": "plain",
                      "required": true
                    }
                  },
                  "description": "Set of nested blocks describing the individual user targets for each variation.",
                  "description_kind": "plain"
                }
              }
            },
            "description": "Provides a LaunchDarkly environment-specific feature flag resource.\n\nThis resource allows you to create and manage environment-specific feature flags attributes within your LaunchDarkly organization.\n\n-> **Note:** If you intend to attach a feature flag to any experiments, we do _not_ recommend configuring environment-specific flag settings using Terraform. Subsequent applies may overwrite the changes made by experiments and break your experiment. An alternate workaround is to use the [lifecycle.ignore_changes](https://developer.hashicorp.com/terraform/language/meta-arguments/lifecycle#ignore_changes) Terraform meta-argument on the `fallthrough` field to prevent potential overwrites.",
            "description_kind": "plain"
          }
        },
        "launchdarkly_flag_trigger": {
          "version": 0,
          "block": {
            "attributes": {
              "enabled": {
                "type": "bool",
                "description": "Whether the trigger is currently active or not. This property defaults to true upon creation",
                "description_kind": "plain",
                "required": true
              },
              "env_key": {
                "type": "string",
                "description": "The LaunchDarkly environment key",
                "description_kind": "plain",
                "required": true
              },
              "flag_key": {
                "type": "string",
                "description": "The key of the feature flag the trigger acts upon",
                "description_kind": "plain",
                "required": true
              },
              "id": {
                "type": "string",
                "description_kind": "plain",
                "optional": true,
                "computed": true
              },
              "integration_key": {
                "type": "string",
                "description": "The unique identifier of the integration you intend to set your trigger up with. \"generic-trigger\" should be used for integrations not explicitly supported.",
                "description_kind": "plain",
                "required": true
              },
              "maintainer_id": {
                "type": "string",
                "description": "The LaunchDarkly ID of the member who maintains the trigger. The API will automatically apply the member associated with your Terraform API key or the most recently-set maintainer",
                "description_kind": "plain",
                "computed": true
              },
              "project_key": {
                "type": "string",
                "description": "The LaunchDarkly project key",
                "description_kind": "plain",
                "required": true
              },
              "trigger_url": {
                "type": "string",
                "description": "The unique trigger URL",
                "description_kind": "plain",
                "computed": true,
                "sensitive": true
              }
            },
            "block_types": {
              "instructions": {
                "nesting_mode": "list",
                "block": {
                  "attributes": {
                    "kind": {
                      "type": "string",
                      "description": "The action to perform when triggering. Currently supported flag actions are \"turnFlagOn\" and \"turnFlagOff\".",
                      "description_kind": "plain",
                      "required": true
                    }
                  },
                  "description": "Instructions containing the action to perform when triggering. Currently supported flag actions are \"turnFlagOn\" and \"turnFlagOff\".",
                  "description_kind": "plain"
                },
                "min_items": 1,
                "max_items": 1
              }
            },
            "description_kind": "plain"
          }
        },
        "launchdarkly_metric": {
          "version": 0,
          "block": {
            "attributes": {
              "description": {
                "type": "string",
                "description": "A short description of what the metric will be used for",
                "description_kind": "plain",
                "optional": true
              },
              "event_key": {
                "type": "string",
                "description": "The event key for your metric (if custom metric)",
                "description_kind": "plain",
                "optional": true
              },
              "id": {
                "type": "string",
                "description_kind": "plain",
                "optional": true,
                "computed": true
              },
              "is_active": {
                "type": "bool",
                "description": "Whether the metric is active",
                "description_kind": "plain",
                "optional": true
              },
              "is_numeric": {
                "type": "bool",
                "description": "Whether the metric is numeric",
                "description_kind": "plain",
                "optional": true
              },
              "key": {
                "type": "string",
                "description": "A unique key that will be used to reference the metric in your code",
                "description_kind": "plain",
                "required": true
              },
              "kind": {
                "type": "string",
                "description": "The metric type -available choices are 'pageview', 'click', and 'custom'",
                "description_kind": "plain",
                "required": true
              },
              "maintainer_id": {
                "type": "string",
                "description": "The LaunchDarkly ID of the user who will maintain the metric. If not set, the API will automatically apply the member associated with your Terraform API key or the most recently-set maintainer",
                "description_kind": "plain",
                "optional": true,
                "computed": true
              },
              "name": {
                "type": "string",
                "description": "A human-readable name for your metric",
                "description_kind": "plain",
                "required": true
              },
              "project_key": {
                "type": "string",
                "description": "The LaunchDarkly project key",
                "description_kind": "plain",
                "required": true
              },
              "randomization_units": {
                "type": [
                  "set",
                  "string"
                ],
                "description": "A set of one or more context kinds that this metric can measure events from.",
                "description_kind": "plain",
                "optional": true,
                "computed": true
              },
              "selector": {
                "type": "string",
                "description": "The CSS selector for your metric (if click metric)",
                "description_kind": "plain",
                "optional": true
              },
              "success_criteria": {
                "type": "string",
                "description": "The success criteria for your metric (if numeric metric)",
                "description_kind": "plain",
                "optional": true
              },
              "tags": {
                "type": [
                  "set",
                  "string"
                ],
                "description": "Tags associated with your resource.",
                "description_kind": "plain",
                "optional": true
              },
              "unit": {
                "type": "string",
                "description": "The unit for your metric (if numeric metric)",
                "description_kind": "plain",
                "optional": true
              }
            },
            "block_types": {
              "urls": {
                "nesting_mode": "list",
                "block": {
                  "attributes": {
                    "kind": {
                      "type": "string",
                      "description": "The url type - available choices are 'exact', 'canonical', 'substring' and 'regex'",
                      "description_kind": "plain",
                      "required": true
                    },
                    "pattern": {
                      "type": "string",
                      "description": "The URL-matching regex",
                      "description_kind": "plain",
                      "optional": true
                    },
                    "substring": {
                      "type": "string",
                      "description": "The URL substring",
                      "description_kind": "plain",
                      "optional": true
                    },
                    "url": {
                      "type": "string",
                      "description": "The exact or canonical URL",
                      "description_kind": "plain",
                      "optional": true
                    }
                  },
                  "description": "List of nested `url` blocks describing URLs that you want to track the metric on",
                  "description_kind": "plain"
                }
              }
            },
            "description_kind": "plain"
          }
        },
        "launchdarkly_project": {
          "version": 0,
          "block": {
            "attributes": {
              "id": {
                "type": "string",
                "description_kind": "plain",
                "optional": true,
                "computed": true
              },
              "include_in_snippet": {
                "type": "bool",
                "description": "Whether feature flags created under the project should be available to client-side SDKs by default",
                "description_kind": "plain",
                "deprecated": true,
                "optional": true,
                "computed": true
              },
              "key": {
                "type": "string",
                "description": "The project's unique key",
                "description_kind": "plain",
                "required": true
              },
              "name": {
                "type": "string",
                "description": "A human-readable name for your project",
                "description_kind": "plain",
                "required": true
              },
              "tags": {
                "type": [
                  "set",
                  "string"
                ],
                "description": "Tags associated with your resource.",
                "description_kind": "plain",
                "optional": true
              }
            },
            "block_types": {
              "default_client_side_availability": {
                "nesting_mode": "list",
                "block": {
                  "attributes": {
                    "using_environment_id": {
                      "type": "bool",
                      "description_kind": "plain",
                      "required": true
                    },
                    "using_mobile_key": {
                      "type": "bool",
                      "description_kind": "plain",
                      "required": true
                    }
                  },
                  "description": "List determining which SDKs have access to new flags created under the project by default",
                  "description_kind": "plain"
                }
              },
              "environments": {
                "nesting_mode": "list",
                "block": {
                  "attributes": {
                    "api_key": {
                      "type": "string",
                      "description": "The environment's SDK key.",
                      "description_kind": "plain",
                      "computed": true,
                      "sensitive": true
                    },
                    "client_side_id": {
                      "type": "string",
                      "description": "The environment's client-side ID.",
                      "description_kind": "plain",
                      "computed": true,
                      "sensitive": true
                    },
                    "color": {
                      "type": "string",
                      "description": "The color swatch as an RGB hex value with no leading `#`. For example: `000000`",
                      "description_kind": "plain",
                      "required": true
                    },
                    "confirm_changes": {
                      "type": "bool",
                      "description": "Set to `true` if this environment requires confirmation for flag and segment changes. This field will default to `false` when not set.",
                      "description_kind": "plain",
                      "optional": true
                    },
                    "default_track_events": {
                      "type": "bool",
                      "description": "Set to `true` to enable data export for every flag created in this environment after you configure this argument. This field will default to `false` when not set. To learn more, read [Data Export](https://docs.launchdarkly.com/home/data-export).",
                      "description_kind": "plain",
                      "optional": true
                    },
                    "default_ttl": {
                      "type": "number",
                      "description": "The TTL for the environment. This must be between 0 and 60 minutes. The TTL setting only applies to environments using the PHP SDK. This field will default to `0` when not set. To learn more, read [TTL settings](https://docs.launchdarkly.com/home/organize/environments#ttl-settings).",
                      "description_kind": "plain",
                      "optional": true
                    },
                    "key": {
                      "type": "string",
                      "description": "The project-unique key for the environment. A change in this field will force the destruction of the existing resource and the creation of a new one.",
                      "description_kind": "plain",
                      "required": true
                    },
                    "mobile_key": {
                      "type": "string",
                      "description": "The environment's mobile key.",
                      "description_kind": "plain",
                      "computed": true,
                      "sensitive": true
                    },
                    "name": {
                      "type": "string",
                      "description": "The name of the environment.",
                      "description_kind": "plain",
                      "required": true
                    },
                    "require_comments": {
                      "type": "bool",
                      "description": "Set to `true` if this environment requires comments for flag and segment changes. This field will default to `false` when not set.",
                      "description_kind": "plain",
                      "optional": true
                    },
                    "secure_mode": {
                      "type": "bool",
                      "description": "Set to `true` to ensure a user of the client-side SDK cannot impersonate another user. This field will default to `false` when not set.",
                      "description_kind": "plain",
                      "optional": true
                    },
                    "tags": {
                      "type": [
                        "set",
                        "string"
                      ],
                      "description": "Tags associated with your resource.",
                      "description_kind": "plain",
                      "optional": true
                    }
                  },
                  "block_types": {
                    "approval_settings": {
                      "nesting_mode": "list",
                      "block": {
                        "attributes": {
                          "can_apply_declined_changes": {
                            "type": "bool",
                            "description": "Set to `true` if changes can be applied as long as the `min_num_approvals` is met, regardless of whether any reviewers have declined a request. Defaults to `true`.",
                            "description_kind": "plain",
                            "optional": true
                          },
                          "can_review_own_request": {
                            "type": "bool",
                            "description": "Set to `true` if requesters can approve or decline their own request. They may always comment. Defaults to `false`.",
                            "description_kind": "plain",
                            "optional": true
                          },
                          "min_num_approvals": {
                            "type": "number",
                            "description": "The number of approvals required before an approval request can be applied. This number must be between 1 and 5. Defaults to 1.",
                            "description_kind": "plain",
                            "optional": true
                          },
                          "required": {
                            "type": "bool",
                            "description": "Set to `true` for changes to flags in this environment to require approval. You may only set `required` to true if `required_approval_tags` is not set and vice versa. Defaults to `false`.",
                            "description_kind": "plain",
                            "optional": true
                          },
                          "required_approval_tags": {
                            "type": [
                              "list",
                              "string"
                            ],
                            "description": "An array of tags used to specify which flags with those tags require approval. You may only set `required_approval_tags` if `required` is not set to `true` and vice versa.",
                            "description_kind": "plain",
                            "optional": true
                          }
                        },
                        "description_kind": "plain"
                      }
                    }
                  },
                  "description": "List of nested `environments` blocks describing LaunchDarkly environments that belong to the project",
                  "description_kind": "plain"
                },
                "min_items": 1
              }
            },
            "description_kind": "plain"
          }
        },
        "launchdarkly_relay_proxy_configuration": {
          "version": 0,
          "block": {
            "attributes": {
              "display_key": {
                "type": "string",
                "description": "The last four characters of the full_key.",
                "description_kind": "plain",
                "computed": true
              },
              "full_key": {
                "type": "string",
                "description": "The unique key assigned to the Relay Proxy configuration during creation.",
                "description_kind": "plain",
                "computed": true,
                "sensitive": true
              },
              "id": {
                "type": "string",
                "description_kind": "plain",
                "optional": true,
                "computed": true
              },
              "name": {
                "type": "string",
                "description": "A human-friendly name for the Relay Proxy configuration",
                "description_kind": "plain",
                "required": true
              }
            },
            "block_types": {
              "policy": {
                "nesting_mode": "list",
                "block": {
                  "attributes": {
                    "actions": {
                      "type": [
                        "list",
                        "string"
                      ],
                      "description": "The list of action specifiers defining the actions to which the statement applies.\nEither `actions` or `not_actions` must be specified. For a list of available actions read [Actions reference](https://docs.launchdarkly.com/home/account-security/custom-roles/actions#actions-reference).",
                      "description_kind": "plain",
                      "optional": true
                    },
                    "effect": {
                      "type": "string",
                      "description": "Either `allow` or `deny`. This argument defines whether the statement allows or denies access to the named resources and actions.",
                      "description_kind": "plain",
                      "required": true
                    },
                    "not_actions": {
                      "type": [
                        "list",
                        "string"
                      ],
                      "description": "The list of action specifiers defining the actions to which the statement does not apply.",
                      "description_kind": "plain",
                      "optional": true
                    },
                    "not_resources": {
                      "type": [
                        "list",
                        "string"
                      ],
                      "description": "The list of resource specifiers defining the resources to which the statement does not apply.",
                      "description_kind": "plain",
                      "optional": true
                    },
                    "resources": {
                      "type": [
                        "list",
                        "string"
                      ],
                      "description": "The list of resource specifiers defining the resources to which the statement applies.",
                      "description_kind": "plain",
                      "optional": true
                    }
                  },
                  "description_kind": "plain"
                },
                "min_items": 1
              }
            },
            "description_kind": "plain"
          }
        },
        "launchdarkly_segment": {
          "version": 0,
          "block": {
            "attributes": {
              "creation_date": {
                "type": "number",
                "description": "The segment's creation date represented as a UNIX epoch timestamp.",
                "description_kind": "plain",
                "computed": true
              },
              "description": {
                "type": "string",
                "description": "The description of the segment's purpose.",
                "description_kind": "plain",
                "optional": true
              },
              "env_key": {
                "type": "string",
                "description": "The segment's environment key. A change in this field will force the destruction of the existing resource and the creation of a new one.",
                "description_kind": "plain",
                "required": true
              },
              "excluded": {
                "type": [
                  "list",
                  "string"
                ],
                "description": "List of user keys excluded from the segment. To target on other context kinds, use the excluded_contexts block attribute. This attribute is not valid when `unbounded` is set to `true`.",
                "description_kind": "plain",
                "optional": true
              },
              "id": {
                "type": "string",
                "description_kind": "plain",
                "optional": true,
                "computed": true
              },
              "included": {
                "type": [
                  "list",
                  "string"
                ],
                "description": "List of user keys included in the segment. To target on other context kinds, use the included_contexts block attribute. This attribute is not valid when `unbounded` is set to `true`.",
                "description_kind": "plain",
                "optional": true
              },
              "key": {
                "type": "string",
                "description": "The unique key that references the segment. A change in this field will force the destruction of the existing resource and the creation of a new one.",
                "description_kind": "plain",
                "required": true
              },
              "name": {
                "type": "string",
                "description": "The human-friendly name for the segment.",
                "description_kind": "plain",
                "required": true
              },
              "project_key": {
                "type": "string",
                "description": "The segment's project key. A change in this field will force the destruction of the existing resource and the creation of a new one.",
                "description_kind": "plain",
                "required": true
              },
              "tags": {
                "type": [
                  "set",
                  "string"
                ],
                "description": "Tags associated with your resource.",
                "description_kind": "plain",
                "optional": true
              },
              "unbounded": {
                "type": "bool",
                "description": "Whether to create a standard segment (`false`) or a Big Segment (`true`). Standard segments include rule-based and smaller list-based segments. Big Segments include larger list-based segments and synced segments. Only use a Big Segment if you need to add more than 15,000 individual targets. It is not possible to manage the list of targeted contexts for Big Segments with Terraform.",
                "description_kind": "plain",
                "optional": true
              },
              "unbounded_context_kind": {
                "type": "string",
                "description": "For Big Segments, the targeted context kind. If this attribute is not specified it will default to `user`.",
                "description_kind": "plain",
                "optional": true,
                "computed": true
              }
            },
            "block_types": {
              "excluded_contexts": {
                "nesting_mode": "list",
                "block": {
                  "attributes": {
                    "context_kind": {
                      "type": "string",
                      "description": "The context kind associated with this segment target. To target on user contexts, use the included and excluded attributes.",
                      "description_kind": "plain",
                      "required": true
                    },
                    "values": {
                      "type": [
                        "list",
                        "string"
                      ],
                      "description": "List of target object keys included in or excluded from the segment.",
                      "description_kind": "plain",
                      "required": true
                    }
                  },
                  "description": "List of non-user target objects excluded from the segment. This attribute is not valid when `unbounded` is set to `true`.",
                  "description_kind": "plain"
                }
              },
              "included_contexts": {
                "nesting_mode": "list",
                "block": {
                  "attributes": {
                    "context_kind": {
                      "type": "string",
                      "description": "The context kind associated with this segment target. To target on user contexts, use the included and excluded attributes.",
                      "description_kind": "plain",
                      "required": true
                    },
                    "values": {
                      "type": [
                        "list",
                        "string"
                      ],
                      "description": "List of target object keys included in or excluded from the segment.",
                      "description_kind": "plain",
                      "required": true
                    }
                  },
                  "description": "List of non-user target objects included in the segment. This attribute is not valid when `unbounded` is set to `true`.",
                  "description_kind": "plain"
                }
              },
              "rules": {
                "nesting_mode": "list",
                "block": {
                  "attributes": {
                    "bucket_by": {
                      "type": "string",
                      "description": "The attribute by which to group users together.",
                      "description_kind": "plain",
                      "optional": true
                    },
                    "rollout_context_kind": {
                      "type": "string",
                      "description": "The context kind associated with this segment rule. This argument is only valid if weight is also specified. If omitted, defaults to 'user'",
                      "description_kind": "plain",
                      "optional": true
                    },
                    "weight": {
                      "type": "number",
                      "description": "The integer weight of the rule (between 1 and 100000).",
                      "description_kind": "plain",
                      "optional": true
                    }
                  },
                  "block_types": {
                    "clauses": {
                      "nesting_mode": "list",
                      "block": {
                        "attributes": {
                          "attribute": {
                            "type": "string",
                            "description": "The user attribute to operate on",
                            "description_kind": "plain",
                            "required": true
                          },
                          "context_kind": {
                            "type": "string",
                            "description": "The context kind associated with this rule clause. This argument is only valid if `rollout_weights` is also specified. If omitted, defaults to `user`.",
                            "description_kind": "plain",
                            "optional": true
                          },
                          "negate": {
                            "type": "bool",
                            "description": "Whether to negate the rule clause.",
                            "description_kind": "plain",
                            "optional": true
                          },
                          "op": {
                            "type": "string",
                            "description": "The operator associated with the rule clause. Available options are `in`, `endsWith`, `startsWith`, `matches`, `contains`, `lessThan`, `lessThanOrEqual`, `greaterThanOrEqual`, `before`, `after`, `segmentMatch`, `semVerEqual`, `semVerLessThan`, and `semVerGreaterThan`.",
                            "description_kind": "plain",
                            "required": true
                          },
                          "value_type": {
                            "type": "string",
                            "description": "The type for each of the clause's values. Available types are `boolean`, `string`, and `number`. If omitted, `value_type` defaults to `string`.",
                            "description_kind": "plain",
                            "optional": true
                          },
                          "values": {
                            "type": [
                              "list",
                              "string"
                            ],
                            "description": "The list of values associated with the rule clause.",
                            "description_kind": "plain",
                            "required": true
                          }
                        },
                        "description": "List of nested blocks specifying the logical clauses to evaluate",
                        "description_kind": "plain"
                      }
                    }
                  },
                  "description": "List of nested custom rule blocks to apply to the segment. This attribute is not valid when `unbounded` is set to `true`.",
                  "description_kind": "plain"
                }
              }
            },
            "description": "Provides a LaunchDarkly segment resource.\n\nThis resource allows you to create and manage segments within your LaunchDarkly organization.",
            "description_kind": "plain"
          }
        },
        "launchdarkly_team": {
          "version": 0,
          "block": {
            "attributes": {
              "custom_role_keys": {
                "type": [
                  "set",
                  "string"
                ],
                "description": "A list of custom role keys for the team",
                "description_kind": "plain",
                "optional": true
              },
              "description": {
                "type": "string",
                "description": "The team's description",
                "description_kind": "plain",
                "optional": true
              },
              "id": {
                "type": "string",
                "description_kind": "plain",
                "optional": true,
                "computed": true
              },
              "key": {
                "type": "string",
                "description": "The team's unique key",
                "description_kind": "plain",
                "required": true
              },
              "maintainers": {
                "type": [
                  "set",
                  "string"
                ],
                "description": "A list of team maintainer IDs as strings",
                "description_kind": "plain",
                "optional": true
              },
              "member_ids": {
                "type": [
                  "set",
                  "string"
                ],
                "description": "A list of team member IDs as strings",
                "description_kind": "plain",
                "optional": true
              },
              "name": {
                "type": "string",
                "description": "The team's human-readable name",
                "description_kind": "plain",
                "required": true
              }
            },
            "description_kind": "plain"
          }
        },
        "launchdarkly_team_member": {
          "version": 0,
          "block": {
            "attributes": {
              "custom_roles": {
                "type": [
                  "set",
                  "string"
                ],
                "description": "IDs or keys of custom roles. Team members must have either a role or custom role",
                "description_kind": "plain",
                "optional": true
              },
              "email": {
                "type": "string",
                "description": "The team member's email address",
                "description_kind": "plain",
                "required": true
              },
              "first_name": {
                "type": "string",
                "description": "The team member's first name",
                "description_kind": "plain",
                "optional": true
              },
              "id": {
                "type": "string",
                "description_kind": "plain",
                "optional": true,
                "computed": true
              },
              "last_name": {
                "type": "string",
                "description": "The team member's last name",
                "description_kind": "plain",
                "optional": true
              },
              "role": {
                "type": "string",
                "description": "The team member's role. This must be reader, writer, admin, or no_access. Team members must have either a role or custom role",
                "description_kind": "plain",
                "optional": true,
                "computed": true
              }
            },
            "description_kind": "plain"
          }
        },
        "launchdarkly_team_role_mapping": {
          "version": 0,
          "block": {
            "attributes": {
              "custom_role_keys": {
                "type": [
                  "set",
                  "string"
                ],
                "description": "A set of custom role keys to assign to the team.",
                "description_kind": "plain",
                "required": true
              },
              "id": {
                "type": "string",
                "description": "The ID for this resource.",
                "description_kind": "plain",
                "computed": true
              },
              "team_key": {
                "type": "string",
                "description": "The LaunchDarkly team key.",
                "description_kind": "plain",
                "required": true
              }
            },
            "description": "Manages the mapping of LaunchDarkly custom roles to teams.",
            "description_kind": "plain"
          }
        },
        "launchdarkly_webhook": {
          "version": 0,
          "block": {
            "attributes": {
              "id": {
                "type": "string",
                "description_kind": "plain",
                "optional": true,
                "computed": true
              },
              "name": {
                "type": "string",
                "description": "A human-readable name for your webhook",
                "description_kind": "plain",
                "optional": true
              },
              "on": {
                "type": "bool",
                "description": "Whether this webhook is enabled or not",
                "description_kind": "plain",
                "optional": true
              },
              "secret": {
                "type": "string",
                "description": "If sign is true, and the secret attribute is omitted, LaunchDarkly will automatically generate a secret for you",
                "description_kind": "plain",
                "optional": true,
                "sensitive": true
              },
              "tags": {
                "type": [
                  "set",
                  "string"
                ],
                "description": "Tags associated with your resource.",
                "description_kind": "plain",
                "optional": true
              },
              "url": {
                "type": "string",
                "description": "The URL of the remote webhook",
                "description_kind": "plain",
                "required": true
              }
            },
            "block_types": {
              "statements": {
                "nesting_mode": "list",
                "block": {
                  "attributes": {
                    "actions": {
                      "type": [
                        "list",
                        "string"
                      ],
                      "description": "The list of action specifiers defining the actions to which the statement applies.\nEither `actions` or `not_actions` must be specified. For a list of available actions read [Actions reference](https://docs.launchdarkly.com/home/account-security/custom-roles/actions#actions-reference).",
                      "description_kind": "plain",
                      "optional": true
                    },
                    "effect": {
                      "type": "string",
                      "description": "Either `allow` or `deny`. This argument defines whether the statement allows or denies access to the named resources and actions.",
                      "description_kind": "plain",
                      "required": true
                    },
                    "not_actions": {
                      "type": [
                        "list",
                        "string"
                      ],
                      "description": "The list of action specifiers defining the actions to which the statement does not apply.",
                      "description_kind": "plain",
                      "optional": true
                    },
                    "not_resources": {
                      "type": [
                        "list",
                        "string"
                      ],
                      "description": "The list of resource specifiers defining the resources to which the statement does not apply.",
                      "description_kind": "plain",
                      "optional": true
                    },
                    "resources": {
                      "type": [
                        "list",
                        "string"
                      ],
                      "description": "The list of resource specifiers defining the resources to which the statement applies.",
                      "description_kind": "plain",
                      "optional": true
                    }
                  },
                  "description_kind": "plain"
                }
              }
            },
            "description_kind": "plain"
          }
        }
      },
      "data_source_schemas": {
        "launchdarkly_audit_log_subscription": {
          "version": 0,
          "block": {
            "attributes": {
              "config": {
                "type": [
                  "map",
                  "string"
                ],
                "description": "The set of configuration fields corresponding to the value defined for `integration_key`. Refer to the `formVariables` field in the corresponding `integrations/<integration_key>/manifest.json` file in [this repo](https://github.com/launchdarkly/integration-framework/tree/master/integrations) for a full list of fields for the integration you wish to configure. **IMPORTANT**: Please note that Terraform will only accept these in snake case, regardless of the case shown in the manifest.",
                "description_kind": "plain",
                "computed": true
              },
              "id": {
                "type": "string",
                "description": "The audit log subscription ID.",
                "description_kind": "plain",
                "required": true
              },
              "integration_key": {
                "type": "string",
                "description": "The integration key. Supported integration keys are `cloudtrail`, `datadog`, `dynatrace`, `elastic`, `grafana`, `honeycomb`, `logdna`, `msteams`, `new-relic-apm`, `signalfx`, `slack`, and `splunk`.",
                "description_kind": "plain",
                "required": true
              },
              "name": {
                "type": "string",
                "description": "A human-friendly name for your audit log subscription viewable from within the LaunchDarkly Integrations page.",
                "description_kind": "plain",
                "computed": true
              },
              "on": {
                "type": "bool",
                "description": "Whether or not you want your subscription enabled, i.e. to actively send events.",
                "description_kind": "plain",
                "computed": true
              },
              "statements": {
                "type": [
                  "list",
                  [
                    "object",
                    {
                      "actions": [
                        "list",
                        "string"
                      ],
                      "effect": "string",
                      "not_actions": [
                        "list",
                        "string"
                      ],
                      "not_resources": [
                        "list",
                        "string"
                      ],
                      "resources": [
                        "list",
                        "string"
                      ]
                    }
                  ]
                ],
                "description": "A block representing the resources to which you wish to subscribe.",
                "description_kind": "plain",
                "computed": true
              },
              "tags": {
                "type": [
                  "set",
                  "string"
                ],
                "description": "Tags associated with your resource.",
                "description_kind": "plain",
                "computed": true
              }
            },
            "description": "Provides a LaunchDarkly audit log subscription data source.\n\nThis data source allows you to retrieve information about LaunchDarkly audit log subscriptions.",
            "description_kind": "plain"
          }
        },
        "launchdarkly_environment": {
          "version": 0,
          "block": {
            "attributes": {
              "api_key": {
                "type": "string",
                "description": "The environment's SDK key.",
                "description_kind": "plain",
                "computed": true,
                "sensitive": true
              },
              "approval_settings": {
                "type": [
                  "list",
                  [
                    "object",
                    {
                      "can_apply_declined_changes": "bool",
                      "can_review_own_request": "bool",
                      "min_num_approvals": "number",
                      "required": "bool",
                      "required_approval_tags": [
                        "list",
                        "string"
                      ]
                    }
                  ]
                ],
                "description_kind": "plain",
                "computed": true
              },
              "client_side_id": {
                "type": "string",
                "description": "The environment's client-side ID.",
                "description_kind": "plain",
                "computed": true,
                "sensitive": true
              },
              "color": {
                "type": "string",
                "description_kind": "plain",
                "computed": true
              },
              "confirm_changes": {
                "type": "bool",
                "description": "Set to `true` if this environment requires confirmation for flag and segment changes. This field will default to `false` when not set.",
                "description_kind": "plain",
                "computed": true
              },
              "default_track_events": {
                "type": "bool",
                "description": "Set to `true` to enable data export for every flag created in this environment after you configure this argument. This field will default to `false` when not set. To learn more, read [Data Export](https://docs.launchdarkly.com/home/data-export).",
                "description_kind": "plain",
                "computed": true
              },
              "default_ttl": {
                "type": "number",
                "description": "The TTL for the environment. This must be between 0 and 60 minutes. The TTL setting only applies to environments using the PHP SDK. This field will default to `0` when not set. To learn more, read [TTL settings](https://docs.launchdarkly.com/home/organize/environments#ttl-settings).",
                "description_kind": "plain",
                "computed": true
              },
              "id": {
                "type": "string",
                "description_kind": "plain",
                "optional": true,
                "computed": true
              },
              "key": {
                "type": "string",
                "description": "The project-unique key for the environment.",
                "description_kind": "plain",
                "required": true
              },
              "mobile_key": {
                "type": "string",
                "description": "The environment's mobile key.",
                "description_kind": "plain",
                "computed": true,
                "sensitive": true
              },
              "name": {
                "type": "string",
                "description_kind": "plain",
                "computed": true
              },
              "project_key": {
                "type": "string",
                "description": "The environment's project key.",
                "description_kind": "plain",
                "required": true
              },
              "require_comments": {
                "type": "bool",
                "description": "Set to `true` if this environment requires comments for flag and segment changes. This field will default to `false` when not set.",
                "description_kind": "plain",
                "computed": true
              },
              "secure_mode": {
                "type": "bool",
                "description": "Set to `true` to ensure a user of the client-side SDK cannot impersonate another user. This field will default to `false` when not set.",
                "description_kind": "plain",
                "computed": true
              },
              "tags": {
                "type": [
                  "set",
                  "string"
                ],
                "description": "Tags associated with your resource.",
                "description_kind": "plain",
                "computed": true
              }
            },
            "description": "Provides a LaunchDarkly environment data source.\n\nThis data source allows you to retrieve environment information from your LaunchDarkly organization.",
            "description_kind": "plain"
          }
        },
        "launchdarkly_feature_flag": {
          "version": 0,
          "block": {
            "attributes": {
              "archived": {
                "type": "bool",
                "description": "Specifies whether the flag is archived or not. Note that you cannot create a new flag that is archived, but can update a flag to be archived.",
                "description_kind": "plain",
                "computed": true
              },
              "client_side_availability": {
                "type": [
                  "list",
                  [
                    "object",
                    {
                      "using_environment_id": "bool",
                      "using_mobile_key": "bool"
                    }
                  ]
                ],
                "description_kind": "plain",
                "computed": true
              },
              "custom_properties": {
                "type": [
                  "set",
                  [
                    "object",
                    {
                      "key": "string",
                      "name": "string",
                      "value": [
                        "list",
                        "string"
                      ]
                    }
                  ]
                ],
                "description": "List of nested blocks describing the feature flag's [custom properties](https://docs.launchdarkly.com/home/connecting/custom-properties)",
                "description_kind": "plain",
                "computed": true
              },
              "defaults": {
                "type": [
                  "list",
                  [
                    "object",
                    {
                      "off_variation": "number",
                      "on_variation": "number"
                    }
                  ]
                ],
                "description": "A block containing the indices of the variations to be used as the default on and off variations in all new environments. Flag configurations in existing environments will not be changed nor updated if the configuration block is removed.",
                "description_kind": "plain",
                "computed": true
              },
              "description": {
                "type": "string",
                "description": "The feature flag's description.",
                "description_kind": "plain",
                "computed": true
              },
              "id": {
                "type": "string",
                "description_kind": "plain",
                "optional": true,
                "computed": true
              },
              "include_in_snippet": {
                "type": "bool",
                "description": "Specifies whether this flag should be made available to the client-side JavaScript SDK using the client-side Id. This value gets its default from your project configuration if not set. `include_in_snippet` is now deprecated. Please migrate to `client_side_availability.using_environment_id` to maintain future compatibility.",
                "description_kind": "plain",
                "deprecated": true,
                "computed": true
              },
              "key": {
                "type": "string",
                "description": "The unique feature flag key that references the flag in your application code.",
                "description_kind": "plain",
                "required": true
              },
              "maintainer_id": {
                "type": "string",
                "description": "The feature flag maintainer's 24 character alphanumeric team member ID. If not set, it will automatically be or stay set to the member ID associated with the API key used by your LaunchDarkly Terraform provider or the most recently-set maintainer.",
                "description_kind": "plain",
                "computed": true
              },
              "name": {
                "type": "string",
                "description": "The feature flag's human-readable name",
                "description_kind": "plain",
                "computed": true
              },
              "project_key": {
                "type": "string",
                "description": "The feature flag's project key.",
                "description_kind": "plain",
                "required": true
              },
              "tags": {
                "type": [
                  "set",
                  "string"
                ],
                "description": "Tags associated with your resource.",
                "description_kind": "plain",
                "computed": true
              },
              "temporary": {
                "type": "bool",
                "description": "Specifies whether the flag is a temporary flag.",
                "description_kind": "plain",
                "computed": true
              },
              "variation_type": {
                "type": "string",
                "description": "The uniform type for all variations. Can be either \"boolean\", \"string\", \"number\", or \"json\".",
                "description_kind": "plain",
                "computed": true
              },
              "variations": {
                "type": [
                  "list",
                  [
                    "object",
                    {
                      "description": "string",
                      "name": "string",
                      "value": "string"
                    }
                  ]
                ],
                "description": "An array of possible variations for the flag",
                "description_kind": "plain",
                "computed": true
              }
            },
            "description": "Provides a LaunchDarkly feature flag data source.\n\nThis data source allows you to retrieve feature flag information from your LaunchDarkly organization.",
            "description_kind": "plain"
          }
        },
        "launchdarkly_feature_flag_environment": {
          "version": 0,
          "block": {
            "attributes": {
              "context_targets": {
                "type": [
                  "set",
                  [
                    "object",
                    {
                      "context_kind": "string",
                      "values": [
                        "list",
                        "string"
                      ],
                      "variation": "number"
                    }
                  ]
                ],
                "description": "The set of nested blocks describing the individual targets for non-user context kinds for each variation.",
                "description_kind": "plain",
                "computed": true
              },
              "env_key": {
                "type": "string",
                "description": "The environment key.",
                "description_kind": "plain",
                "required": true
              },
              "fallthrough": {
                "type": [
                  "list",
                  [
                    "object",
                    {
                      "bucket_by": "string",
                      "context_kind": "string",
                      "rollout_weights": [
                        "list",
                        "number"
                      ],
                      "variation": "number"
                    }
                  ]
                ],
                "description": "Nested block describing the default variation to serve if no `prerequisites`, `target`, or `rules` apply.",
                "description_kind": "plain",
                "computed": true
              },
              "flag_id": {
                "type": "string",
                "description": "The feature flag's unique `id` in the format `project_key/flag_key`.",
                "description_kind": "plain",
                "required": true
              },
              "id": {
                "type": "string",
                "description_kind": "plain",
                "optional": true,
                "computed": true
              },
              "off_variation": {
                "type": "number",
                "description": "The index of the variation to serve if targeting is disabled.",
                "description_kind": "plain",
                "computed": true
              },
              "on": {
                "type": "bool",
                "description": "Whether targeting is enabled. Defaults to `false` if not set.",
                "description_kind": "plain",
                "computed": true
              },
              "prerequisites": {
                "type": [
                  "list",
                  [
                    "object",
                    {
                      "flag_key": "string",
                      "variation": "number"
                    }
                  ]
                ],
                "description": "List of nested blocks describing prerequisite feature flags rules.",
                "description_kind": "plain",
                "computed": true
              },
              "rules": {
                "type": [
                  "list",
                  [
                    "object",
                    {
                      "bucket_by": "string",
                      "clauses": [
                        "list",
                        [
                          "object",
                          {
                            "attribute": "string",
                            "context_kind": "string",
                            "negate": "bool",
                            "op": "string",
                            "value_type": "string",
                            "values": [
                              "list",
                              "string"
                            ]
                          }
                        ]
                      ],
                      "description": "string",
                      "rollout_weights": [
                        "list",
                        "number"
                      ],
                      "variation": "number"
                    }
                  ]
                ],
                "description": "List of logical targeting rules.",
                "description_kind": "plain",
                "computed": true
              },
              "targets": {
                "type": [
                  "set",
                  [
                    "object",
                    {
                      "values": [
                        "list",
                        "string"
                      ],
                      "variation": "number"
                    }
                  ]
                ],
                "description": "Set of nested blocks describing the individual user targets for each variation.",
                "description_kind": "plain",
                "computed": true
              },
              "track_events": {
                "type": "bool",
                "description": "Whether to send event data back to LaunchDarkly. Defaults to `false` if not set.",
                "description_kind": "plain",
                "computed": true
              }
            },
            "description": "Provides a LaunchDarkly environment-specific feature flag data source.\n\nThis data source allows you to retrieve environment-specific feature flag information from your LaunchDarkly organization.",
            "description_kind": "plain"
          }
        },
        "launchdarkly_flag_trigger": {
          "version": 0,
          "block": {
            "attributes": {
              "enabled": {
                "type": "bool",
                "description": "Whether the trigger is currently active or not. This property defaults to true upon creation",
                "description_kind": "plain",
                "optional": true
              },
              "env_key": {
                "type": "string",
                "description": "The LaunchDarkly environment key",
                "description_kind": "plain",
                "required": true
              },
              "flag_key": {
                "type": "string",
                "description": "The key of the feature flag the trigger acts upon",
                "description_kind": "plain",
                "required": true
              },
              "id": {
                "type": "string",
                "description": "The flag trigger resource ID. This can be found on your trigger URL - please see docs for more info",
                "description_kind": "plain",
                "required": true
              },
              "integration_key": {
                "type": "string",
                "description": "The unique identifier of the integration you intend to set your trigger up with. \"generic-trigger\" should be used for integrations not explicitly supported.",
                "description_kind": "plain",
                "optional": true
              },
              "maintainer_id": {
                "type": "string",
                "description": "The LaunchDarkly ID of the member who maintains the trigger. The API will automatically apply the member associated with your Terraform API key or the most recently-set maintainer",
                "description_kind": "plain",
                "computed": true
              },
              "project_key": {
                "type": "string",
                "description": "The LaunchDarkly project key",
                "description_kind": "plain",
                "required": true
              },
              "trigger_url": {
                "type": "string",
                "description": "The unique trigger URL",
                "description_kind": "plain",
                "computed": true,
                "sensitive": true
              }
            },
            "block_types": {
              "instructions": {
                "nesting_mode": "list",
                "block": {
                  "attributes": {
                    "kind": {
                      "type": "string",
                      "description": "The action to perform when triggering. Currently supported flag actions are \"turnFlagOn\" and \"turnFlagOff\".",
                      "description_kind": "plain",
                      "required": true
                    }
                  },
                  "description": "Instructions containing the action to perform when triggering. Currently supported flag actions are \"turnFlagOn\" and \"turnFlagOff\".",
                  "description_kind": "plain"
                },
                "max_items": 1
              }
            },
            "description_kind": "plain"
          }
        },
        "launchdarkly_metric": {
          "version": 0,
          "block": {
            "attributes": {
              "description": {
                "type": "string",
                "description": "A short description of what the metric will be used for",
                "description_kind": "plain",
                "optional": true
              },
              "event_key": {
                "type": "string",
                "description": "The event key for your metric (if custom metric)",
                "description_kind": "plain",
                "optional": true
              },
              "id": {
                "type": "string",
                "description_kind": "plain",
                "optional": true,
                "computed": true
              },
              "is_active": {
                "type": "bool",
                "description": "Whether the metric is active",
                "description_kind": "plain",
                "optional": true
              },
              "is_numeric": {
                "type": "bool",
                "description": "Whether the metric is numeric",
                "description_kind": "plain",
                "optional": true
              },
              "key": {
                "type": "string",
                "description": "A unique key that will be used to reference the metric in your code",
                "description_kind": "plain",
                "required": true
              },
              "kind": {
                "type": "string",
                "description": "The metric type -available choices are 'pageview', 'click', and 'custom'",
                "description_kind": "plain",
                "optional": true
              },
              "maintainer_id": {
                "type": "string",
                "description": "The LaunchDarkly ID of the user who will maintain the metric. If not set, the API will automatically apply the member associated with your Terraform API key or the most recently-set maintainer",
                "description_kind": "plain",
                "optional": true,
                "computed": true
              },
              "name": {
                "type": "string",
                "description": "A human-readable name for your metric",
                "description_kind": "plain",
                "optional": true
              },
              "project_key": {
                "type": "string",
                "description": "The LaunchDarkly project key",
                "description_kind": "plain",
                "required": true
              },
              "randomization_units": {
                "type": [
                  "set",
                  "string"
                ],
                "description": "A set of one or more context kinds that this metric can measure events from.",
                "description_kind": "plain",
                "optional": true,
                "computed": true
              },
              "selector": {
                "type": "string",
                "description": "The CSS selector for your metric (if click metric)",
                "description_kind": "plain",
                "optional": true
              },
              "success_criteria": {
                "type": "string",
                "description": "The success criteria for your metric (if numeric metric)",
                "description_kind": "plain",
                "optional": true
              },
              "tags": {
                "type": [
                  "set",
                  "string"
                ],
                "description": "Tags associated with your resource.",
                "description_kind": "plain",
                "computed": true
              },
              "unit": {
                "type": "string",
                "description": "The unit for your metric (if numeric metric)",
                "description_kind": "plain",
                "optional": true
              }
            },
            "block_types": {
              "urls": {
                "nesting_mode": "list",
                "block": {
                  "attributes": {
                    "kind": {
                      "type": "string",
                      "description": "The url type - available choices are 'exact', 'canonical', 'substring' and 'regex'",
                      "description_kind": "plain",
                      "required": true
                    },
                    "pattern": {
                      "type": "string",
                      "description": "The URL-matching regex",
                      "description_kind": "plain",
                      "optional": true
                    },
                    "substring": {
                      "type": "string",
                      "description": "The URL substring",
                      "description_kind": "plain",
                      "optional": true
                    },
                    "url": {
                      "type": "string",
                      "description": "The exact or canonical URL",
                      "description_kind": "plain",
                      "optional": true
                    }
                  },
                  "description": "List of nested `url` blocks describing URLs that you want to track the metric on",
                  "description_kind": "plain"
                }
              }
            },
            "description_kind": "plain"
          }
        },
        "launchdarkly_project": {
          "version": 0,
          "block": {
            "attributes": {
              "client_side_availability": {
                "type": [
                  "list",
                  [
                    "object",
                    {
                      "using_environment_id": "bool",
                      "using_mobile_key": "bool"
                    }
                  ]
                ],
                "description_kind": "plain",
                "deprecated": true,
                "computed": true
              },
              "default_client_side_availability": {
                "type": [
                  "list",
                  [
                    "object",
                    {
                      "using_environment_id": "bool",
                      "using_mobile_key": "bool"
                    }
                  ]
                ],
                "description_kind": "plain",
                "computed": true
              },
              "id": {
                "type": "string",
                "description_kind": "plain",
                "optional": true,
                "computed": true
              },
              "key": {
                "type": "string",
                "description_kind": "plain",
                "required": true
              },
              "name": {
                "type": "string",
                "description_kind": "plain",
                "computed": true
              },
              "tags": {
                "type": [
                  "set",
                  "string"
                ],
                "description": "Tags associated with your resource.",
                "description_kind": "plain",
                "computed": true
              }
            },
            "description_kind": "plain"
          }
        },
        "launchdarkly_relay_proxy_configuration": {
          "version": 0,
          "block": {
            "attributes": {
              "display_key": {
                "type": "string",
                "description": "The last four characters of the full_key.",
                "description_kind": "plain",
                "computed": true
              },
              "id": {
                "type": "string",
                "description": "The Relay Proxy configuration's unique 24 character ID",
                "description_kind": "plain",
                "required": true
              },
              "name": {
                "type": "string",
                "description": "A human-friendly name for the Relay Proxy configuration",
                "description_kind": "plain",
                "computed": true
              },
              "policy": {
                "type": [
                  "list",
                  [
                    "object",
                    {
                      "actions": [
                        "list",
                        "string"
                      ],
                      "effect": "string",
                      "not_actions": [
                        "list",
                        "string"
                      ],
                      "not_resources": [
                        "list",
                        "string"
                      ],
                      "resources": [
                        "list",
                        "string"
                      ]
                    }
                  ]
                ],
                "description_kind": "plain",
                "computed": true
              }
            },
            "description_kind": "plain"
          }
        },
        "launchdarkly_segment": {
          "version": 0,
          "block": {
            "attributes": {
              "creation_date": {
                "type": "number",
                "description": "The segment's creation date represented as a UNIX epoch timestamp.",
                "description_kind": "plain",
                "computed": true
              },
              "description": {
                "type": "string",
                "description": "The description of the segment's purpose.",
                "description_kind": "plain",
                "computed": true
              },
              "env_key": {
                "type": "string",
                "description": "The segment's environment key.",
                "description_kind": "plain",
                "required": true
              },
              "excluded": {
                "type": [
                  "list",
                  "string"
                ],
                "description": "List of user keys excluded from the segment. To target on other context kinds, use the excluded_contexts block attribute. This attribute is not valid when `unbounded` is set to `true`.",
                "description_kind": "plain",
                "computed": true
              },
              "excluded_contexts": {
                "type": [
                  "list",
                  [
                    "object",
                    {
                      "context_kind": "string",
                      "values": [
                        "list",
                        "string"
                      ]
                    }
                  ]
                ],
                "description": "List of non-user target objects excluded from the segment. This attribute is not valid when `unbounded` is set to `true`.",
                "description_kind": "plain",
                "computed": true
              },
              "id": {
                "type": "string",
                "description_kind": "plain",
                "optional": true,
                "computed": true
              },
              "included": {
                "type": [
                  "list",
                  "string"
                ],
                "description": "List of user keys included in the segment. To target on other context kinds, use the included_contexts block attribute. This attribute is not valid when `unbounded` is set to `true`.",
                "description_kind": "plain",
                "computed": true
              },
              "included_contexts": {
                "type": [
                  "list",
                  [
                    "object",
                    {
                      "context_kind": "string",
                      "values": [
                        "list",
                        "string"
                      ]
                    }
                  ]
                ],
                "description": "List of non-user target objects included in the segment. This attribute is not valid when `unbounded` is set to `true`.",
                "description_kind": "plain",
                "computed": true
              },
              "key": {
                "type": "string",
                "description": "The unique key that references the segment.",
                "description_kind": "plain",
                "required": true
              },
              "name": {
                "type": "string",
                "description": "The human-friendly name for the segment.",
                "description_kind": "plain",
                "computed": true
              },
              "project_key": {
                "type": "string",
                "description": "The segment's project key.",
                "description_kind": "plain",
                "required": true
              },
              "rules": {
                "type": [
                  "list",
                  [
                    "object",
                    {
                      "bucket_by": "string",
                      "clauses": [
                        "list",
                        [
                          "object",
                          {
                            "attribute": "string",
                            "context_kind": "string",
                            "negate": "bool",
                            "op": "string",
                            "value_type": "string",
                            "values": [
                              "list",
                              "string"
                            ]
                          }
                        ]
                      ],
                      "rollout_context_kind": "string",
                      "weight": "number"
                    }
                  ]
                ],
                "description": "List of nested custom rule blocks to apply to the segment. This attribute is not valid when `unbounded` is set to `true`.",
                "description_kind": "plain",
                "computed": true
              },
              "tags": {
                "type": [
                  "set",
                  "string"
                ],
                "description": "Tags associated with your resource.",
                "description_kind": "plain",
                "computed": true
              },
              "unbounded": {
                "type": "bool",
                "description": "Whether to create a standard segment (`false`) or a Big Segment (`true`). Standard segments include rule-based and smaller list-based segments. Big Segments include larger list-based segments and synced segments. Only use a Big Segment if you need to add more than 15,000 individual targets. It is not possible to manage the list of targeted contexts for Big Segments with Terraform.",
                "description_kind": "plain",
                "computed": true
              },
              "unbounded_context_kind": {
                "type": "string",
                "description": "For Big Segments, the targeted context kind. If this attribute is not specified it will default to `user`.",
                "description_kind": "plain",
                "computed": true
              }
            },
            "description": "Provides a LaunchDarkly segment data source.\n\nThis data source allows you to retrieve segment information from your LaunchDarkly organization.",
            "description_kind": "plain"
          }
        },
        "launchdarkly_team": {
          "version": 0,
          "block": {
            "attributes": {
              "custom_role_keys": {
                "type": [
                  "set",
                  "string"
                ],
                "description": "A list of keys for custom roles the team has",
                "description_kind": "plain",
                "optional": true
              },
              "description": {
                "type": "string",
                "description": "The team's description",
                "description_kind": "plain",
                "optional": true
              },
              "id": {
                "type": "string",
                "description_kind": "plain",
                "optional": true,
                "computed": true
              },
              "key": {
                "type": "string",
                "description": "The team's unique key",
                "description_kind": "plain",
                "required": true
              },
              "maintainers": {
                "type": [
                  "set",
                  [
                    "object",
                    {
                      "email": "string",
                      "first_name": "string",
                      "id": "string",
                      "last_name": "string",
                      "role": "string"
                    }
                  ]
                ],
                "description": "A list of maintainers as 'member' objects",
                "description_kind": "plain",
                "computed": true
              },
              "name": {
                "type": "string",
                "description": "The team's human-readable name",
                "description_kind": "plain",
                "optional": true
              },
              "project_keys": {
                "type": [
                  "set",
                  "string"
                ],
                "description": "A list of keys of projects that this team owns",
                "description_kind": "plain",
                "computed": true
              }
            },
            "description_kind": "plain"
          }
        },
        "launchdarkly_team_member": {
          "version": 0,
          "block": {
            "attributes": {
              "custom_roles": {
                "type": [
                  "set",
                  "string"
                ],
                "description_kind": "plain",
                "computed": true
              },
              "email": {
                "type": "string",
                "description_kind": "plain",
                "required": true
              },
              "first_name": {
                "type": "string",
                "description_kind": "plain",
                "computed": true
              },
              "id": {
                "type": "string",
                "description_kind": "plain",
                "optional": true,
                "computed": true
              },
              "last_name": {
                "type": "string",
                "description_kind": "plain",
                "computed": true
              },
              "role": {
                "type": "string",
                "description_kind": "plain",
                "computed": true
              }
            },
            "description_kind": "plain"
          }
        },
        "launchdarkly_team_members": {
          "version": 0,
          "block": {
            "attributes": {
              "emails": {
                "type": [
                  "list",
                  "string"
                ],
                "description_kind": "plain",
                "required": true
              },
              "id": {
                "type": "string",
                "description_kind": "plain",
                "optional": true,
                "computed": true
              },
              "ignore_missing": {
                "type": "bool",
                "description_kind": "plain",
                "optional": true
              },
              "team_members": {
                "type": [
                  "list",
                  [
                    "object",
                    {
                      "custom_roles": [
                        "set",
                        "string"
                      ],
                      "email": "string",
                      "first_name": "string",
                      "id": "string",
                      "last_name": "string",
                      "role": "string"
                    }
                  ]
                ],
                "description_kind": "plain",
                "computed": true
              }
            },
            "description_kind": "plain"
          }
        },
        "launchdarkly_webhook": {
          "version": 0,
          "block": {
            "attributes": {
              "id": {
                "type": "string",
                "description": "The ID of the webhook",
                "description_kind": "plain",
                "required": true
              },
              "name": {
                "type": "string",
                "description": "A human-readable name for your webhook",
                "description_kind": "plain",
                "optional": true
              },
              "on": {
                "type": "bool",
                "description_kind": "plain",
                "computed": true
              },
              "secret": {
                "type": "string",
                "description": "If sign is true, and the secret attribute is omitted, LaunchDarkly will automatically generate a secret for you",
                "description_kind": "plain",
                "optional": true,
                "sensitive": true
              },
              "statements": {
                "type": [
                  "list",
                  [
                    "object",
                    {
                      "actions": [
                        "list",
                        "string"
                      ],
                      "effect": "string",
                      "not_actions": [
                        "list",
                        "string"
                      ],
                      "not_resources": [
                        "list",
                        "string"
                      ],
                      "resources": [
                        "list",
                        "string"
                      ]
                    }
                  ]
                ],
                "description_kind": "plain",
                "computed": true
              },
              "tags": {
                "type": [
                  "set",
                  "string"
                ],
                "description": "Tags associated with your resource.",
                "description_kind": "plain",
                "computed": true
              },
              "url": {
                "type": "string",
                "description_kind": "plain",
                "computed": true
              }
            },
            "description_kind": "plain"
          }
        }
      }
    }
  }
}
