{
  "format_version": "1.0",
  "provider_schemas": {
    "registry.terraform.io/wgebis/mailgun": {
      "provider": {
        "version": 0,
        "block": {
          "attributes": {
            "api_key": {
              "type": "string",
              "description_kind": "plain",
              "required": true
            }
          },
          "description_kind": "plain"
        }
      },
      "resource_schemas": {
        "mailgun_domain": {
          "version": 0,
          "block": {
            "attributes": {
              "dkim_key_size": {
                "type": "number",
                "description_kind": "plain",
                "optional": true
              },
              "dkim_selector": {
                "type": "string",
                "description_kind": "plain",
                "optional": true
              },
              "force_dkim_authority": {
                "type": "bool",
                "description_kind": "plain",
                "optional": true
              },
              "id": {
                "type": "string",
                "description_kind": "plain",
                "optional": true,
                "computed": true
              },
              "name": {
                "type": "string",
                "description_kind": "plain",
                "required": true
              },
              "open_tracking": {
                "type": "bool",
                "description_kind": "plain",
                "optional": true
              },
              "receiving_records": {
                "type": [
                  "list",
                  [
                    "object",
                    {
                      "id": "string",
                      "priority": "string",
                      "record_type": "string",
                      "valid": "string",
                      "value": "string"
                    }
                  ]
                ],
                "description_kind": "plain",
                "deprecated": true,
                "computed": true
              },
              "receiving_records_set": {
                "type": [
                  "set",
                  [
                    "object",
                    {
                      "id": "string",
                      "priority": "string",
                      "record_type": "string",
                      "valid": "string",
                      "value": "string"
                    }
                  ]
                ],
                "description_kind": "plain",
                "computed": true
              },
              "region": {
                "type": "string",
                "description_kind": "plain",
                "optional": true
              },
              "sending_records": {
                "type": [
                  "list",
                  [
                    "object",
                    {
                      "id": "string",
                      "name": "string",
                      "record_type": "string",
                      "valid": "string",
                      "value": "string"
                    }
                  ]
                ],
                "description_kind": "plain",
                "deprecated": true,
                "computed": true
              },
              "sending_records_set": {
                "type": [
                  "set",
                  [
                    "object",
                    {
                      "id": "string",
                      "name": "string",
                      "record_type": "string",
                      "valid": "string",
                      "value": "string"
                    }
                  ]
                ],
                "description_kind": "plain",
                "computed": true
              },
              "smtp_login": {
                "type": "string",
                "description_kind": "plain",
                "computed": true
              },
              "smtp_password": {
                "type": "string",
                "description_kind": "plain",
                "optional": true,
                "sensitive": true
              },
              "spam_action": {
                "type": "string",
                "description_kind": "plain",
                "optional": true
              },
              "wildcard": {
                "type": "bool",
                "description_kind": "plain",
                "optional": true
              }
            },
            "description_kind": "plain"
          }
        },
        "mailgun_domain_credential": {
          "version": 0,
          "block": {
            "attributes": {
              "domain": {
                "type": "string",
                "description_kind": "plain",
                "required": true
              },
              "id": {
                "type": "string",
                "description_kind": "plain",
                "optional": true,
                "computed": true
              },
              "login": {
                "type": "string",
                "description_kind": "plain",
                "required": true
              },
              "password": {
                "type": "string",
                "description_kind": "plain",
                "required": true,
                "sensitive": true
              },
              "region": {
                "type": "string",
                "description_kind": "plain",
                "optional": true
              }
            },
            "description_kind": "plain"
          }
        },
        "mailgun_route": {
          "version": 0,
          "block": {
            "attributes": {
              "actions": {
                "type": [
                  "list",
                  "string"
                ],
                "description_kind": "plain",
                "required": true
              },
              "description": {
                "type": "string",
                "description_kind": "plain",
                "optional": true
              },
              "expression": {
                "type": "string",
                "description_kind": "plain",
                "required": true
              },
              "id": {
                "type": "string",
                "description_kind": "plain",
                "optional": true,
                "computed": true
              },
              "priority": {
                "type": "number",
                "description_kind": "plain",
                "required": true
              },
              "region": {
                "type": "string",
                "description_kind": "plain",
                "optional": true
              }
            },
            "description_kind": "plain"
          }
        },
        "mailgun_webhook": {
          "version": 0,
          "block": {
            "attributes": {
              "domain": {
                "type": "string",
                "description_kind": "plain",
                "required": true
              },
              "id": {
                "type": "string",
                "description_kind": "plain",
                "optional": true,
                "computed": true
              },
              "kind": {
                "type": "string",
                "description_kind": "plain",
                "required": true
              },
              "region": {
                "type": "string",
                "description_kind": "plain",
                "optional": true
              },
              "urls": {
                "type": [
                  "set",
                  "string"
                ],
                "description_kind": "plain",
                "required": true
              }
            },
            "description_kind": "plain"
          }
        }
      },
      "data_source_schemas": {
        "mailgun_domain": {
          "version": 0,
          "block": {
            "attributes": {
              "dkim_key_size": {
                "type": "number",
                "description_kind": "plain",
                "optional": true
              },
              "dkim_selector": {
                "type": "string",
                "description_kind": "plain",
                "optional": true
              },
              "force_dkim_authority": {
                "type": "bool",
                "description_kind": "plain",
                "optional": true
              },
              "id": {
                "type": "string",
                "description_kind": "plain",
                "optional": true,
                "computed": true
              },
              "name": {
                "type": "string",
                "description_kind": "plain",
                "required": true
              },
              "open_tracking": {
                "type": "bool",
                "description_kind": "plain",
                "optional": true
              },
              "receiving_records": {
                "type": [
                  "list",
                  [
                    "object",
                    {
                      "id": "string",
                      "priority": "string",
                      "record_type": "string",
                      "valid": "string",
                      "value": "string"
                    }
                  ]
                ],
                "description_kind": "plain",
                "deprecated": true,
                "computed": true
              },
              "receiving_records_set": {
                "type": [
                  "set",
                  [
                    "object",
                    {
                      "id": "string",
                      "priority": "string",
                      "record_type": "string",
                      "valid": "string",
                      "value": "string"
                    }
                  ]
                ],
                "description_kind": "plain",
                "computed": true
              },
              "region": {
                "type": "string",
                "description_kind": "plain",
                "optional": true
              },
              "sending_records": {
                "type": [
                  "list",
                  [
                    "object",
                    {
                      "id": "string",
                      "name": "string",
                      "record_type": "string",
                      "valid": "string",
                      "value": "string"
                    }
                  ]
                ],
                "description_kind": "plain",
                "deprecated": true,
                "computed": true
              },
              "sending_records_set": {
                "type": [
                  "set",
                  [
                    "object",
                    {
                      "id": "string",
                      "name": "string",
                      "record_type": "string",
                      "valid": "string",
                      "value": "string"
                    }
                  ]
                ],
                "description_kind": "plain",
                "computed": true
              },
              "smtp_login": {
                "type": "string",
                "description_kind": "plain",
                "computed": true
              },
              "smtp_password": {
                "type": "string",
                "description_kind": "plain",
                "optional": true,
                "sensitive": true
              },
              "spam_action": {
                "type": "string",
                "description_kind": "plain",
                "optional": true
              },
              "wildcard": {
                "type": "bool",
                "description_kind": "plain",
                "optional": true
              }
            },
            "description_kind": "plain"
          }
        }
      }
    }
  }
}
