{
  "format_version": "1.0",
  "provider_schemas": {
    "registry.terraform.io/mongodb/mongodbatlas": {
      "provider": {
        "version": 0,
        "block": {
          "attributes": {
            "aws_access_key_id": {
              "type": "string",
              "description_kind": "plain",
              "optional": true
            },
            "aws_secret_access_key": {
              "type": "string",
              "description_kind": "plain",
              "optional": true
            },
            "aws_session_token": {
              "type": "string",
              "description_kind": "plain",
              "optional": true
            },
            "base_url": {
              "type": "string",
              "description": "MongoDB Atlas Base URL",
              "description_kind": "plain",
              "optional": true
            },
            "is_mongodbgov_cloud": {
              "type": "bool",
              "description": "MongoDB Atlas Base URL default to gov",
              "description_kind": "plain",
              "optional": true
            },
            "private_key": {
              "type": "string",
              "description": "MongoDB Atlas Programmatic Private Key",
              "description_kind": "plain",
              "optional": true,
              "sensitive": true
            },
            "public_key": {
              "type": "string",
              "description": "MongoDB Atlas Programmatic Public Key",
              "description_kind": "plain",
              "optional": true
            },
            "realm_base_url": {
              "type": "string",
              "description": "MongoDB Realm Base URL",
              "description_kind": "plain",
              "optional": true
            },
            "region": {
              "type": "string",
              "description_kind": "plain",
              "optional": true
            },
            "secret_name": {
              "type": "string",
              "description_kind": "plain",
              "optional": true
            },
            "sts_endpoint": {
              "type": "string",
              "description_kind": "plain",
              "optional": true
            }
          },
          "block_types": {
            "assume_role": {
              "nesting_mode": "list",
              "block": {
                "attributes": {
                  "duration": {
                    "type": "string",
                    "description": "The duration, between 15 minutes and 12 hours, of the role session. Valid time units are ns, us (or µs), ms, s, h, or m.",
                    "description_kind": "plain",
                    "optional": true
                  },
                  "duration_seconds": {
                    "type": "number",
                    "description": "The duration, in seconds, of the role session.",
                    "description_kind": "plain",
                    "deprecated": true,
                    "optional": true
                  },
                  "external_id": {
                    "type": "string",
                    "description": "A unique identifier that might be required when you assume a role in another account.",
                    "description_kind": "plain",
                    "optional": true
                  },
                  "policy": {
                    "type": "string",
                    "description": "IAM Policy JSON describing further restricting permissions for the IAM Role being assumed.",
                    "description_kind": "plain",
                    "optional": true
                  },
                  "policy_arns": {
                    "type": [
                      "set",
                      "string"
                    ],
                    "description": "Amazon Resource Names (ARNs) of IAM Policies describing further restricting permissions for the IAM Role being assumed.",
                    "description_kind": "plain",
                    "optional": true
                  },
                  "role_arn": {
                    "type": "string",
                    "description": "Amazon Resource Name (ARN) of an IAM Role to assume prior to making API calls.",
                    "description_kind": "plain",
                    "optional": true
                  },
                  "session_name": {
                    "type": "string",
                    "description": "An identifier for the assumed role session.",
                    "description_kind": "plain",
                    "optional": true
                  },
                  "source_identity": {
                    "type": "string",
                    "description": "Source identity specified by the principal assuming the role.",
                    "description_kind": "plain",
                    "optional": true
                  },
                  "tags": {
                    "type": [
                      "map",
                      "string"
                    ],
                    "description": "Assume role session tags.",
                    "description_kind": "plain",
                    "optional": true
                  },
                  "transitive_tag_keys": {
                    "type": [
                      "set",
                      "string"
                    ],
                    "description": "Assume role session tag keys to pass to any subsequent sessions.",
                    "description_kind": "plain",
                    "optional": true
                  }
                },
                "description_kind": "plain"
              },
              "max_items": 1
            }
          },
          "description_kind": "plain"
        }
      },
      "resource_schemas": {
        "mongodbatlas_access_list_api_key": {
          "version": 0,
          "block": {
            "attributes": {
              "api_key_id": {
                "type": "string",
                "description_kind": "plain",
                "required": true
              },
              "cidr_block": {
                "type": "string",
                "description_kind": "plain",
                "optional": true,
                "computed": true
              },
              "id": {
                "type": "string",
                "description_kind": "plain",
                "optional": true,
                "computed": true
              },
              "ip_address": {
                "type": "string",
                "description_kind": "plain",
                "optional": true,
                "computed": true
              },
              "org_id": {
                "type": "string",
                "description_kind": "plain",
                "required": true
              }
            },
            "description_kind": "plain"
          }
        },
        "mongodbatlas_advanced_cluster": {
          "version": 1,
          "block": {
            "attributes": {
              "backup_enabled": {
                "type": "bool",
                "description_kind": "plain",
                "optional": true,
                "computed": true
              },
              "cluster_id": {
                "type": "string",
                "description_kind": "plain",
                "computed": true
              },
              "cluster_type": {
                "type": "string",
                "description_kind": "plain",
                "required": true
              },
              "connection_strings": {
                "type": [
                  "list",
                  [
                    "object",
                    {
                      "aws_private_link": [
                        "map",
                        "string"
                      ],
                      "aws_private_link_srv": [
                        "map",
                        "string"
                      ],
                      "private": "string",
                      "private_endpoint": [
                        "list",
                        [
                          "object",
                          {
                            "connection_string": "string",
                            "endpoints": [
                              "list",
                              [
                                "object",
                                {
                                  "endpoint_id": "string",
                                  "provider_name": "string",
                                  "region": "string"
                                }
                              ]
                            ],
                            "srv_connection_string": "string",
                            "type": "string"
                          }
                        ]
                      ],
                      "private_srv": "string",
                      "standard": "string",
                      "standard_srv": "string"
                    }
                  ]
                ],
                "description_kind": "plain",
                "computed": true
              },
              "create_date": {
                "type": "string",
                "description_kind": "plain",
                "computed": true
              },
              "disk_size_gb": {
                "type": "number",
                "description_kind": "plain",
                "optional": true,
                "computed": true
              },
              "encryption_at_rest_provider": {
                "type": "string",
                "description_kind": "plain",
                "optional": true,
                "computed": true
              },
              "id": {
                "type": "string",
                "description_kind": "plain",
                "optional": true,
                "computed": true
              },
              "mongo_db_major_version": {
                "type": "string",
                "description_kind": "plain",
                "optional": true,
                "computed": true
              },
              "mongo_db_version": {
                "type": "string",
                "description_kind": "plain",
                "computed": true
              },
              "name": {
                "type": "string",
                "description_kind": "plain",
                "required": true
              },
              "paused": {
                "type": "bool",
                "description_kind": "plain",
                "optional": true
              },
              "pit_enabled": {
                "type": "bool",
                "description_kind": "plain",
                "optional": true,
                "computed": true
              },
              "project_id": {
                "type": "string",
                "description_kind": "plain",
                "required": true
              },
              "root_cert_type": {
                "type": "string",
                "description_kind": "plain",
                "optional": true,
                "computed": true
              },
              "state_name": {
                "type": "string",
                "description_kind": "plain",
                "computed": true
              },
              "termination_protection_enabled": {
                "type": "bool",
                "description_kind": "plain",
                "optional": true,
                "computed": true
              },
              "version_release_system": {
                "type": "string",
                "description_kind": "plain",
                "optional": true
              }
            },
            "block_types": {
              "advanced_configuration": {
                "nesting_mode": "list",
                "block": {
                  "attributes": {
                    "default_read_concern": {
                      "type": "string",
                      "description_kind": "plain",
                      "optional": true,
                      "computed": true
                    },
                    "default_write_concern": {
                      "type": "string",
                      "description_kind": "plain",
                      "optional": true,
                      "computed": true
                    },
                    "fail_index_key_too_long": {
                      "type": "bool",
                      "description_kind": "plain",
                      "optional": true,
                      "computed": true
                    },
                    "javascript_enabled": {
                      "type": "bool",
                      "description_kind": "plain",
                      "optional": true,
                      "computed": true
                    },
                    "minimum_enabled_tls_protocol": {
                      "type": "string",
                      "description_kind": "plain",
                      "optional": true,
                      "computed": true
                    },
                    "no_table_scan": {
                      "type": "bool",
                      "description_kind": "plain",
                      "optional": true,
                      "computed": true
                    },
                    "oplog_min_retention_hours": {
                      "type": "number",
                      "description_kind": "plain",
                      "optional": true,
                      "computed": true
                    },
                    "oplog_size_mb": {
                      "type": "number",
                      "description_kind": "plain",
                      "optional": true,
                      "computed": true
                    },
                    "sample_refresh_interval_bi_connector": {
                      "type": "number",
                      "description_kind": "plain",
                      "optional": true,
                      "computed": true
                    },
                    "sample_size_bi_connector": {
                      "type": "number",
                      "description_kind": "plain",
                      "optional": true,
                      "computed": true
                    }
                  },
                  "description_kind": "plain"
                },
                "max_items": 1
              },
              "bi_connector": {
                "nesting_mode": "list",
                "block": {
                  "attributes": {
                    "enabled": {
                      "type": "bool",
                      "description_kind": "plain",
                      "optional": true,
                      "computed": true
                    },
                    "read_preference": {
                      "type": "string",
                      "description_kind": "plain",
                      "optional": true,
                      "computed": true
                    }
                  },
                  "description_kind": "plain",
                  "deprecated": true
                },
                "max_items": 1
              },
              "bi_connector_config": {
                "nesting_mode": "list",
                "block": {
                  "attributes": {
                    "enabled": {
                      "type": "bool",
                      "description_kind": "plain",
                      "optional": true,
                      "computed": true
                    },
                    "read_preference": {
                      "type": "string",
                      "description_kind": "plain",
                      "optional": true,
                      "computed": true
                    }
                  },
                  "description_kind": "plain"
                },
                "max_items": 1
              },
              "labels": {
                "nesting_mode": "set",
                "block": {
                  "attributes": {
                    "key": {
                      "type": "string",
                      "description_kind": "plain",
                      "optional": true,
                      "computed": true
                    },
                    "value": {
                      "type": "string",
                      "description_kind": "plain",
                      "optional": true,
                      "computed": true
                    }
                  },
                  "description_kind": "plain"
                }
              },
              "replication_specs": {
                "nesting_mode": "list",
                "block": {
                  "attributes": {
                    "container_id": {
                      "type": [
                        "map",
                        "string"
                      ],
                      "description_kind": "plain",
                      "computed": true
                    },
                    "id": {
                      "type": "string",
                      "description_kind": "plain",
                      "computed": true
                    },
                    "num_shards": {
                      "type": "number",
                      "description_kind": "plain",
                      "optional": true
                    },
                    "zone_name": {
                      "type": "string",
                      "description_kind": "plain",
                      "optional": true
                    }
                  },
                  "block_types": {
                    "region_configs": {
                      "nesting_mode": "list",
                      "block": {
                        "attributes": {
                          "backing_provider_name": {
                            "type": "string",
                            "description_kind": "plain",
                            "optional": true
                          },
                          "priority": {
                            "type": "number",
                            "description_kind": "plain",
                            "required": true
                          },
                          "provider_name": {
                            "type": "string",
                            "description_kind": "plain",
                            "required": true
                          },
                          "region_name": {
                            "type": "string",
                            "description_kind": "plain",
                            "required": true
                          }
                        },
                        "block_types": {
                          "analytics_auto_scaling": {
                            "nesting_mode": "list",
                            "block": {
                              "attributes": {
                                "compute_enabled": {
                                  "type": "bool",
                                  "description_kind": "plain",
                                  "optional": true,
                                  "computed": true
                                },
                                "compute_max_instance_size": {
                                  "type": "string",
                                  "description_kind": "plain",
                                  "optional": true,
                                  "computed": true
                                },
                                "compute_min_instance_size": {
                                  "type": "string",
                                  "description_kind": "plain",
                                  "optional": true,
                                  "computed": true
                                },
                                "compute_scale_down_enabled": {
                                  "type": "bool",
                                  "description_kind": "plain",
                                  "optional": true,
                                  "computed": true
                                },
                                "disk_gb_enabled": {
                                  "type": "bool",
                                  "description_kind": "plain",
                                  "optional": true,
                                  "computed": true
                                }
                              },
                              "description_kind": "plain"
                            },
                            "max_items": 1
                          },
                          "analytics_specs": {
                            "nesting_mode": "list",
                            "block": {
                              "attributes": {
                                "disk_iops": {
                                  "type": "number",
                                  "description_kind": "plain",
                                  "optional": true
                                },
                                "ebs_volume_type": {
                                  "type": "string",
                                  "description_kind": "plain",
                                  "optional": true
                                },
                                "instance_size": {
                                  "type": "string",
                                  "description_kind": "plain",
                                  "required": true
                                },
                                "node_count": {
                                  "type": "number",
                                  "description_kind": "plain",
                                  "optional": true
                                }
                              },
                              "description_kind": "plain"
                            },
                            "max_items": 1
                          },
                          "auto_scaling": {
                            "nesting_mode": "list",
                            "block": {
                              "attributes": {
                                "compute_enabled": {
                                  "type": "bool",
                                  "description_kind": "plain",
                                  "optional": true,
                                  "computed": true
                                },
                                "compute_max_instance_size": {
                                  "type": "string",
                                  "description_kind": "plain",
                                  "optional": true,
                                  "computed": true
                                },
                                "compute_min_instance_size": {
                                  "type": "string",
                                  "description_kind": "plain",
                                  "optional": true,
                                  "computed": true
                                },
                                "compute_scale_down_enabled": {
                                  "type": "bool",
                                  "description_kind": "plain",
                                  "optional": true,
                                  "computed": true
                                },
                                "disk_gb_enabled": {
                                  "type": "bool",
                                  "description_kind": "plain",
                                  "optional": true,
                                  "computed": true
                                }
                              },
                              "description_kind": "plain"
                            },
                            "max_items": 1
                          },
                          "electable_specs": {
                            "nesting_mode": "list",
                            "block": {
                              "attributes": {
                                "disk_iops": {
                                  "type": "number",
                                  "description_kind": "plain",
                                  "optional": true
                                },
                                "ebs_volume_type": {
                                  "type": "string",
                                  "description_kind": "plain",
                                  "optional": true
                                },
                                "instance_size": {
                                  "type": "string",
                                  "description_kind": "plain",
                                  "required": true
                                },
                                "node_count": {
                                  "type": "number",
                                  "description_kind": "plain",
                                  "optional": true
                                }
                              },
                              "description_kind": "plain"
                            },
                            "max_items": 1
                          },
                          "read_only_specs": {
                            "nesting_mode": "list",
                            "block": {
                              "attributes": {
                                "disk_iops": {
                                  "type": "number",
                                  "description_kind": "plain",
                                  "optional": true
                                },
                                "ebs_volume_type": {
                                  "type": "string",
                                  "description_kind": "plain",
                                  "optional": true
                                },
                                "instance_size": {
                                  "type": "string",
                                  "description_kind": "plain",
                                  "required": true
                                },
                                "node_count": {
                                  "type": "number",
                                  "description_kind": "plain",
                                  "optional": true
                                }
                              },
                              "description_kind": "plain"
                            },
                            "max_items": 1
                          }
                        },
                        "description_kind": "plain"
                      },
                      "min_items": 1
                    }
                  },
                  "description_kind": "plain"
                },
                "min_items": 1
              },
              "timeouts": {
                "nesting_mode": "single",
                "block": {
                  "attributes": {
                    "create": {
                      "type": "string",
                      "description_kind": "plain",
                      "optional": true
                    },
                    "delete": {
                      "type": "string",
                      "description_kind": "plain",
                      "optional": true
                    },
                    "update": {
                      "type": "string",
                      "description_kind": "plain",
                      "optional": true
                    }
                  },
                  "description_kind": "plain"
                }
              }
            },
            "description_kind": "plain"
          }
        },
        "mongodbatlas_alert_configuration": {
          "version": 0,
          "block": {
            "attributes": {
              "alert_configuration_id": {
                "type": "string",
                "description_kind": "plain",
                "computed": true
              },
              "created": {
                "type": "string",
                "description_kind": "plain",
                "computed": true
              },
              "enabled": {
                "type": "bool",
                "description_kind": "plain",
                "optional": true,
                "computed": true
              },
              "event_type": {
                "type": "string",
                "description_kind": "plain",
                "required": true
              },
              "id": {
                "type": "string",
                "description_kind": "plain",
                "optional": true,
                "computed": true
              },
              "metric_threshold": {
                "type": [
                  "map",
                  "string"
                ],
                "description_kind": "plain",
                "deprecated": true,
                "optional": true
              },
              "project_id": {
                "type": "string",
                "description_kind": "plain",
                "required": true
              },
              "threshold": {
                "type": [
                  "map",
                  "string"
                ],
                "description_kind": "plain",
                "deprecated": true,
                "optional": true
              },
              "updated": {
                "type": "string",
                "description_kind": "plain",
                "computed": true
              }
            },
            "block_types": {
              "matcher": {
                "nesting_mode": "list",
                "block": {
                  "attributes": {
                    "field_name": {
                      "type": "string",
                      "description_kind": "plain",
                      "optional": true
                    },
                    "operator": {
                      "type": "string",
                      "description_kind": "plain",
                      "optional": true
                    },
                    "value": {
                      "type": "string",
                      "description_kind": "plain",
                      "optional": true
                    }
                  },
                  "description_kind": "plain"
                }
              },
              "metric_threshold_config": {
                "nesting_mode": "list",
                "block": {
                  "attributes": {
                    "metric_name": {
                      "type": "string",
                      "description_kind": "plain",
                      "optional": true
                    },
                    "mode": {
                      "type": "string",
                      "description_kind": "plain",
                      "optional": true
                    },
                    "operator": {
                      "type": "string",
                      "description_kind": "plain",
                      "optional": true
                    },
                    "threshold": {
                      "type": "number",
                      "description_kind": "plain",
                      "optional": true
                    },
                    "units": {
                      "type": "string",
                      "description_kind": "plain",
                      "optional": true
                    }
                  },
                  "description_kind": "plain"
                },
                "max_items": 1
              },
              "notification": {
                "nesting_mode": "list",
                "block": {
                  "attributes": {
                    "api_token": {
                      "type": "string",
                      "description_kind": "plain",
                      "optional": true,
                      "sensitive": true
                    },
                    "channel_name": {
                      "type": "string",
                      "description_kind": "plain",
                      "optional": true
                    },
                    "datadog_api_key": {
                      "type": "string",
                      "description_kind": "plain",
                      "optional": true,
                      "sensitive": true
                    },
                    "datadog_region": {
                      "type": "string",
                      "description_kind": "plain",
                      "optional": true
                    },
                    "delay_min": {
                      "type": "number",
                      "description_kind": "plain",
                      "optional": true
                    },
                    "email_address": {
                      "type": "string",
                      "description_kind": "plain",
                      "optional": true
                    },
                    "email_enabled": {
                      "type": "bool",
                      "description_kind": "plain",
                      "optional": true
                    },
                    "flow_name": {
                      "type": "string",
                      "description_kind": "plain",
                      "optional": true
                    },
                    "flowdock_api_token": {
                      "type": "string",
                      "description_kind": "plain",
                      "optional": true,
                      "sensitive": true
                    },
                    "interval_min": {
                      "type": "number",
                      "description_kind": "plain",
                      "optional": true
                    },
                    "microsoft_teams_webhook_url": {
                      "type": "string",
                      "description_kind": "plain",
                      "optional": true,
                      "sensitive": true
                    },
                    "mobile_number": {
                      "type": "string",
                      "description_kind": "plain",
                      "optional": true
                    },
                    "ops_genie_api_key": {
                      "type": "string",
                      "description_kind": "plain",
                      "optional": true,
                      "sensitive": true
                    },
                    "ops_genie_region": {
                      "type": "string",
                      "description_kind": "plain",
                      "optional": true
                    },
                    "org_name": {
                      "type": "string",
                      "description_kind": "plain",
                      "optional": true
                    },
                    "roles": {
                      "type": [
                        "list",
                        "string"
                      ],
                      "description_kind": "plain",
                      "optional": true
                    },
                    "service_key": {
                      "type": "string",
                      "description_kind": "plain",
                      "optional": true,
                      "sensitive": true
                    },
                    "sms_enabled": {
                      "type": "bool",
                      "description_kind": "plain",
                      "optional": true
                    },
                    "team_id": {
                      "type": "string",
                      "description_kind": "plain",
                      "optional": true
                    },
                    "team_name": {
                      "type": "string",
                      "description_kind": "plain",
                      "computed": true
                    },
                    "type_name": {
                      "type": "string",
                      "description_kind": "plain",
                      "optional": true
                    },
                    "username": {
                      "type": "string",
                      "description_kind": "plain",
                      "optional": true
                    },
                    "victor_ops_api_key": {
                      "type": "string",
                      "description_kind": "plain",
                      "optional": true,
                      "sensitive": true
                    },
                    "victor_ops_routing_key": {
                      "type": "string",
                      "description_kind": "plain",
                      "optional": true,
                      "sensitive": true
                    },
                    "webhook_secret": {
                      "type": "string",
                      "description_kind": "plain",
                      "optional": true,
                      "sensitive": true
                    },
                    "webhook_url": {
                      "type": "string",
                      "description_kind": "plain",
                      "optional": true,
                      "sensitive": true
                    }
                  },
                  "description_kind": "plain"
                },
                "min_items": 1
              },
              "threshold_config": {
                "nesting_mode": "list",
                "block": {
                  "attributes": {
                    "operator": {
                      "type": "string",
                      "description_kind": "plain",
                      "optional": true
                    },
                    "threshold": {
                      "type": "number",
                      "description_kind": "plain",
                      "optional": true
                    },
                    "units": {
                      "type": "string",
                      "description_kind": "plain",
                      "optional": true
                    }
                  },
                  "description_kind": "plain"
                },
                "max_items": 1
              }
            },
            "description_kind": "plain"
          }
        },
        "mongodbatlas_api_key": {
          "version": 0,
          "block": {
            "attributes": {
              "api_key_id": {
                "type": "string",
                "description_kind": "plain",
                "computed": true
              },
              "description": {
                "type": "string",
                "description_kind": "plain",
                "required": true
              },
              "id": {
                "type": "string",
                "description_kind": "plain",
                "optional": true,
                "computed": true
              },
              "org_id": {
                "type": "string",
                "description_kind": "plain",
                "required": true
              },
              "private_key": {
                "type": "string",
                "description_kind": "plain",
                "computed": true,
                "sensitive": true
              },
              "public_key": {
                "type": "string",
                "description_kind": "plain",
                "computed": true
              },
              "role_names": {
                "type": [
                  "set",
                  "string"
                ],
                "description_kind": "plain",
                "required": true
              }
            },
            "description_kind": "plain"
          }
        },
        "mongodbatlas_auditing": {
          "version": 0,
          "block": {
            "attributes": {
              "audit_authorization_success": {
                "type": "bool",
                "description_kind": "plain",
                "optional": true,
                "computed": true
              },
              "audit_filter": {
                "type": "string",
                "description_kind": "plain",
                "optional": true,
                "computed": true
              },
              "configuration_type": {
                "type": "string",
                "description_kind": "plain",
                "computed": true
              },
              "enabled": {
                "type": "bool",
                "description_kind": "plain",
                "optional": true,
                "computed": true
              },
              "id": {
                "type": "string",
                "description_kind": "plain",
                "optional": true,
                "computed": true
              },
              "project_id": {
                "type": "string",
                "description_kind": "plain",
                "required": true
              }
            },
            "description_kind": "plain"
          }
        },
        "mongodbatlas_backup_compliance_policy": {
          "version": 0,
          "block": {
            "attributes": {
              "authorized_email": {
                "type": "string",
                "description_kind": "plain",
                "required": true
              },
              "copy_protection_enabled": {
                "type": "bool",
                "description_kind": "plain",
                "required": true
              },
              "encryption_at_rest_enabled": {
                "type": "bool",
                "description_kind": "plain",
                "required": true
              },
              "id": {
                "type": "string",
                "description_kind": "plain",
                "optional": true,
                "computed": true
              },
              "pit_enabled": {
                "type": "bool",
                "description_kind": "plain",
                "required": true
              },
              "project_id": {
                "type": "string",
                "description_kind": "plain",
                "required": true
              },
              "restore_window_days": {
                "type": "number",
                "description_kind": "plain",
                "optional": true,
                "computed": true
              },
              "state": {
                "type": "string",
                "description_kind": "plain",
                "computed": true
              },
              "updated_date": {
                "type": "string",
                "description_kind": "plain",
                "computed": true
              },
              "updated_user": {
                "type": "string",
                "description_kind": "plain",
                "computed": true
              }
            },
            "block_types": {
              "on_demand_policy_item": {
                "nesting_mode": "list",
                "block": {
                  "attributes": {
                    "frequency_interval": {
                      "type": "number",
                      "description_kind": "plain",
                      "required": true
                    },
                    "frequency_type": {
                      "type": "string",
                      "description_kind": "plain",
                      "computed": true
                    },
                    "id": {
                      "type": "string",
                      "description_kind": "plain",
                      "computed": true
                    },
                    "retention_unit": {
                      "type": "string",
                      "description_kind": "plain",
                      "required": true
                    },
                    "retention_value": {
                      "type": "number",
                      "description_kind": "plain",
                      "required": true
                    }
                  },
                  "description_kind": "plain"
                },
                "min_items": 1,
                "max_items": 1
              },
              "policy_item_daily": {
                "nesting_mode": "list",
                "block": {
                  "attributes": {
                    "frequency_interval": {
                      "type": "number",
                      "description_kind": "plain",
                      "required": true
                    },
                    "frequency_type": {
                      "type": "string",
                      "description_kind": "plain",
                      "computed": true
                    },
                    "id": {
                      "type": "string",
                      "description_kind": "plain",
                      "computed": true
                    },
                    "retention_unit": {
                      "type": "string",
                      "description_kind": "plain",
                      "required": true
                    },
                    "retention_value": {
                      "type": "number",
                      "description_kind": "plain",
                      "required": true
                    }
                  },
                  "description_kind": "plain"
                },
                "max_items": 1
              },
              "policy_item_hourly": {
                "nesting_mode": "list",
                "block": {
                  "attributes": {
                    "frequency_interval": {
                      "type": "number",
                      "description_kind": "plain",
                      "required": true
                    },
                    "frequency_type": {
                      "type": "string",
                      "description_kind": "plain",
                      "computed": true
                    },
                    "id": {
                      "type": "string",
                      "description_kind": "plain",
                      "computed": true
                    },
                    "retention_unit": {
                      "type": "string",
                      "description_kind": "plain",
                      "required": true
                    },
                    "retention_value": {
                      "type": "number",
                      "description_kind": "plain",
                      "required": true
                    }
                  },
                  "description_kind": "plain"
                },
                "max_items": 1
              },
              "policy_item_monthly": {
                "nesting_mode": "list",
                "block": {
                  "attributes": {
                    "frequency_interval": {
                      "type": "number",
                      "description_kind": "plain",
                      "required": true
                    },
                    "frequency_type": {
                      "type": "string",
                      "description_kind": "plain",
                      "computed": true
                    },
                    "id": {
                      "type": "string",
                      "description_kind": "plain",
                      "computed": true
                    },
                    "retention_unit": {
                      "type": "string",
                      "description_kind": "plain",
                      "required": true
                    },
                    "retention_value": {
                      "type": "number",
                      "description_kind": "plain",
                      "required": true
                    }
                  },
                  "description_kind": "plain"
                }
              },
              "policy_item_weekly": {
                "nesting_mode": "list",
                "block": {
                  "attributes": {
                    "frequency_interval": {
                      "type": "number",
                      "description_kind": "plain",
                      "required": true
                    },
                    "frequency_type": {
                      "type": "string",
                      "description_kind": "plain",
                      "computed": true
                    },
                    "id": {
                      "type": "string",
                      "description_kind": "plain",
                      "computed": true
                    },
                    "retention_unit": {
                      "type": "string",
                      "description_kind": "plain",
                      "required": true
                    },
                    "retention_value": {
                      "type": "number",
                      "description_kind": "plain",
                      "required": true
                    }
                  },
                  "description_kind": "plain"
                }
              }
            },
            "description_kind": "plain"
          }
        },
        "mongodbatlas_cloud_backup_schedule": {
          "version": 0,
          "block": {
            "attributes": {
              "auto_export_enabled": {
                "type": "bool",
                "description_kind": "plain",
                "optional": true,
                "computed": true
              },
              "cluster_id": {
                "type": "string",
                "description_kind": "plain",
                "computed": true
              },
              "cluster_name": {
                "type": "string",
                "description_kind": "plain",
                "required": true
              },
              "id": {
                "type": "string",
                "description_kind": "plain",
                "optional": true,
                "computed": true
              },
              "id_policy": {
                "type": "string",
                "description_kind": "plain",
                "computed": true
              },
              "next_snapshot": {
                "type": "string",
                "description_kind": "plain",
                "computed": true
              },
              "project_id": {
                "type": "string",
                "description_kind": "plain",
                "required": true
              },
              "reference_hour_of_day": {
                "type": "number",
                "description_kind": "plain",
                "optional": true,
                "computed": true
              },
              "reference_minute_of_hour": {
                "type": "number",
                "description_kind": "plain",
                "optional": true,
                "computed": true
              },
              "restore_window_days": {
                "type": "number",
                "description_kind": "plain",
                "optional": true,
                "computed": true
              },
              "update_snapshots": {
                "type": "bool",
                "description_kind": "plain",
                "optional": true,
                "computed": true
              },
              "use_org_and_group_names_in_export_prefix": {
                "type": "bool",
                "description_kind": "plain",
                "optional": true,
                "computed": true
              }
            },
            "block_types": {
              "copy_settings": {
                "nesting_mode": "list",
                "block": {
                  "attributes": {
                    "cloud_provider": {
                      "type": "string",
                      "description_kind": "plain",
                      "optional": true,
                      "computed": true
                    },
                    "frequencies": {
                      "type": [
                        "set",
                        "string"
                      ],
                      "description_kind": "plain",
                      "optional": true,
                      "computed": true
                    },
                    "region_name": {
                      "type": "string",
                      "description_kind": "plain",
                      "optional": true,
                      "computed": true
                    },
                    "replication_spec_id": {
                      "type": "string",
                      "description_kind": "plain",
                      "optional": true,
                      "computed": true
                    },
                    "should_copy_oplogs": {
                      "type": "bool",
                      "description_kind": "plain",
                      "optional": true,
                      "computed": true
                    }
                  },
                  "description_kind": "plain"
                }
              },
              "export": {
                "nesting_mode": "list",
                "block": {
                  "attributes": {
                    "export_bucket_id": {
                      "type": "string",
                      "description_kind": "plain",
                      "optional": true,
                      "computed": true
                    },
                    "frequency_type": {
                      "type": "string",
                      "description_kind": "plain",
                      "optional": true,
                      "computed": true
                    }
                  },
                  "description_kind": "plain"
                },
                "max_items": 1
              },
              "policy_item_daily": {
                "nesting_mode": "list",
                "block": {
                  "attributes": {
                    "frequency_interval": {
                      "type": "number",
                      "description_kind": "plain",
                      "required": true
                    },
                    "frequency_type": {
                      "type": "string",
                      "description_kind": "plain",
                      "computed": true
                    },
                    "id": {
                      "type": "string",
                      "description_kind": "plain",
                      "computed": true
                    },
                    "retention_unit": {
                      "type": "string",
                      "description_kind": "plain",
                      "required": true
                    },
                    "retention_value": {
                      "type": "number",
                      "description_kind": "plain",
                      "required": true
                    }
                  },
                  "description_kind": "plain"
                },
                "max_items": 1
              },
              "policy_item_hourly": {
                "nesting_mode": "list",
                "block": {
                  "attributes": {
                    "frequency_interval": {
                      "type": "number",
                      "description_kind": "plain",
                      "required": true
                    },
                    "frequency_type": {
                      "type": "string",
                      "description_kind": "plain",
                      "computed": true
                    },
                    "id": {
                      "type": "string",
                      "description_kind": "plain",
                      "computed": true
                    },
                    "retention_unit": {
                      "type": "string",
                      "description_kind": "plain",
                      "required": true
                    },
                    "retention_value": {
                      "type": "number",
                      "description_kind": "plain",
                      "required": true
                    }
                  },
                  "description_kind": "plain"
                },
                "max_items": 1
              },
              "policy_item_monthly": {
                "nesting_mode": "list",
                "block": {
                  "attributes": {
                    "frequency_interval": {
                      "type": "number",
                      "description_kind": "plain",
                      "required": true
                    },
                    "frequency_type": {
                      "type": "string",
                      "description_kind": "plain",
                      "computed": true
                    },
                    "id": {
                      "type": "string",
                      "description_kind": "plain",
                      "computed": true
                    },
                    "retention_unit": {
                      "type": "string",
                      "description_kind": "plain",
                      "required": true
                    },
                    "retention_value": {
                      "type": "number",
                      "description_kind": "plain",
                      "required": true
                    }
                  },
                  "description_kind": "plain"
                }
              },
              "policy_item_weekly": {
                "nesting_mode": "list",
                "block": {
                  "attributes": {
                    "frequency_interval": {
                      "type": "number",
                      "description_kind": "plain",
                      "required": true
                    },
                    "frequency_type": {
                      "type": "string",
                      "description_kind": "plain",
                      "computed": true
                    },
                    "id": {
                      "type": "string",
                      "description_kind": "plain",
                      "computed": true
                    },
                    "retention_unit": {
                      "type": "string",
                      "description_kind": "plain",
                      "required": true
                    },
                    "retention_value": {
                      "type": "number",
                      "description_kind": "plain",
                      "required": true
                    }
                  },
                  "description_kind": "plain"
                }
              }
            },
            "description_kind": "plain"
          }
        },
        "mongodbatlas_cloud_backup_snapshot": {
          "version": 0,
          "block": {
            "attributes": {
              "cloud_provider": {
                "type": "string",
                "description_kind": "plain",
                "computed": true
              },
              "cluster_name": {
                "type": "string",
                "description_kind": "plain",
                "required": true
              },
              "created_at": {
                "type": "string",
                "description_kind": "plain",
                "computed": true
              },
              "description": {
                "type": "string",
                "description_kind": "plain",
                "required": true
              },
              "expires_at": {
                "type": "string",
                "description_kind": "plain",
                "computed": true
              },
              "id": {
                "type": "string",
                "description_kind": "plain",
                "optional": true,
                "computed": true
              },
              "master_key_uuid": {
                "type": "string",
                "description_kind": "plain",
                "computed": true
              },
              "members": {
                "type": [
                  "list",
                  [
                    "object",
                    {
                      "cloud_provider": "string",
                      "id": "string",
                      "replica_set_name": "string"
                    }
                  ]
                ],
                "description_kind": "plain",
                "computed": true
              },
              "mongod_version": {
                "type": "string",
                "description_kind": "plain",
                "computed": true
              },
              "project_id": {
                "type": "string",
                "description_kind": "plain",
                "required": true
              },
              "replica_set_name": {
                "type": "string",
                "description_kind": "plain",
                "computed": true
              },
              "retention_in_days": {
                "type": "number",
                "description_kind": "plain",
                "required": true
              },
              "snapshot_id": {
                "type": "string",
                "description_kind": "plain",
                "computed": true
              },
              "snapshot_ids": {
                "type": [
                  "list",
                  "string"
                ],
                "description_kind": "plain",
                "computed": true
              },
              "snapshot_type": {
                "type": "string",
                "description_kind": "plain",
                "computed": true
              },
              "status": {
                "type": "string",
                "description_kind": "plain",
                "computed": true
              },
              "storage_size_bytes": {
                "type": "number",
                "description_kind": "plain",
                "computed": true
              },
              "type": {
                "type": "string",
                "description_kind": "plain",
                "computed": true
              }
            },
            "description_kind": "plain"
          }
        },
        "mongodbatlas_cloud_backup_snapshot_export_bucket": {
          "version": 0,
          "block": {
            "attributes": {
              "bucket_name": {
                "type": "string",
                "description_kind": "plain",
                "required": true
              },
              "cloud_provider": {
                "type": "string",
                "description_kind": "plain",
                "required": true
              },
              "export_bucket_id": {
                "type": "string",
                "description_kind": "plain",
                "computed": true
              },
              "iam_role_id": {
                "type": "string",
                "description_kind": "plain",
                "required": true
              },
              "id": {
                "type": "string",
                "description_kind": "plain",
                "computed": true
              },
              "project_id": {
                "type": "string",
                "description_kind": "plain",
                "required": true
              }
            },
            "description_kind": "plain"
          }
        },
        "mongodbatlas_cloud_backup_snapshot_export_job": {
          "version": 0,
          "block": {
            "attributes": {
              "cluster_name": {
                "type": "string",
                "description_kind": "plain",
                "required": true
              },
              "components": {
                "type": [
                  "set",
                  [
                    "object",
                    {
                      "export_id": "string",
                      "replica_set_name": "string"
                    }
                  ]
                ],
                "description_kind": "plain",
                "computed": true
              },
              "created_at": {
                "type": "string",
                "description_kind": "plain",
                "computed": true
              },
              "err_msg": {
                "type": "string",
                "description_kind": "plain",
                "computed": true
              },
              "export_bucket_id": {
                "type": "string",
                "description_kind": "plain",
                "required": true
              },
              "export_job_id": {
                "type": "string",
                "description_kind": "plain",
                "computed": true
              },
              "export_status_exported_collections": {
                "type": "number",
                "description_kind": "plain",
                "computed": true
              },
              "export_status_total_collections": {
                "type": "number",
                "description_kind": "plain",
                "computed": true
              },
              "finished_at": {
                "type": "string",
                "description_kind": "plain",
                "computed": true
              },
              "id": {
                "type": "string",
                "description_kind": "plain",
                "computed": true
              },
              "prefix": {
                "type": "string",
                "description_kind": "plain",
                "computed": true
              },
              "project_id": {
                "type": "string",
                "description_kind": "plain",
                "required": true
              },
              "snapshot_id": {
                "type": "string",
                "description_kind": "plain",
                "required": true
              },
              "state": {
                "type": "string",
                "description_kind": "plain",
                "computed": true
              }
            },
            "block_types": {
              "custom_data": {
                "nesting_mode": "set",
                "block": {
                  "attributes": {
                    "key": {
                      "type": "string",
                      "description_kind": "plain",
                      "required": true
                    },
                    "value": {
                      "type": "string",
                      "description_kind": "plain",
                      "required": true
                    }
                  },
                  "description_kind": "plain"
                },
                "min_items": 1
              }
            },
            "description_kind": "plain"
          }
        },
        "mongodbatlas_cloud_backup_snapshot_restore_job": {
          "version": 0,
          "block": {
            "attributes": {
              "cancelled": {
                "type": "bool",
                "description_kind": "plain",
                "computed": true
              },
              "cluster_name": {
                "type": "string",
                "description_kind": "plain",
                "required": true
              },
              "created_at": {
                "type": "string",
                "description_kind": "plain",
                "computed": true
              },
              "delivery_type": {
                "type": [
                  "map",
                  "string"
                ],
                "description_kind": "plain",
                "deprecated": true,
                "optional": true
              },
              "delivery_url": {
                "type": [
                  "list",
                  "string"
                ],
                "description_kind": "plain",
                "computed": true
              },
              "expired": {
                "type": "bool",
                "description_kind": "plain",
                "computed": true
              },
              "expires_at": {
                "type": "string",
                "description_kind": "plain",
                "computed": true
              },
              "finished_at": {
                "type": "string",
                "description_kind": "plain",
                "computed": true
              },
              "id": {
                "type": "string",
                "description_kind": "plain",
                "optional": true,
                "computed": true
              },
              "project_id": {
                "type": "string",
                "description_kind": "plain",
                "required": true
              },
              "snapshot_id": {
                "type": "string",
                "description_kind": "plain",
                "required": true
              },
              "snapshot_restore_job_id": {
                "type": "string",
                "description_kind": "plain",
                "computed": true
              },
              "timestamp": {
                "type": "string",
                "description_kind": "plain",
                "computed": true
              }
            },
            "block_types": {
              "delivery_type_config": {
                "nesting_mode": "list",
                "block": {
                  "attributes": {
                    "automated": {
                      "type": "bool",
                      "description_kind": "plain",
                      "optional": true
                    },
                    "download": {
                      "type": "bool",
                      "description_kind": "plain",
                      "optional": true
                    },
                    "oplog_inc": {
                      "type": "number",
                      "description_kind": "plain",
                      "optional": true
                    },
                    "oplog_ts": {
                      "type": "number",
                      "description_kind": "plain",
                      "optional": true
                    },
                    "point_in_time": {
                      "type": "bool",
                      "description_kind": "plain",
                      "optional": true
                    },
                    "point_in_time_utc_seconds": {
                      "type": "number",
                      "description_kind": "plain",
                      "optional": true
                    },
                    "target_cluster_name": {
                      "type": "string",
                      "description_kind": "plain",
                      "optional": true
                    },
                    "target_project_id": {
                      "type": "string",
                      "description_kind": "plain",
                      "optional": true
                    }
                  },
                  "description_kind": "plain"
                },
                "max_items": 1
              }
            },
            "description_kind": "plain"
          }
        },
        "mongodbatlas_cloud_provider_access": {
          "version": 1,
          "block": {
            "attributes": {
              "atlas_assumed_role_external_id": {
                "type": "string",
                "description_kind": "plain",
                "computed": true
              },
              "atlas_aws_account_arn": {
                "type": "string",
                "description_kind": "plain",
                "computed": true
              },
              "authorized_date": {
                "type": "string",
                "description_kind": "plain",
                "computed": true
              },
              "created_date": {
                "type": "string",
                "description_kind": "plain",
                "computed": true
              },
              "feature_usages": {
                "type": [
                  "list",
                  [
                    "object",
                    {
                      "feature_id": [
                        "map",
                        "string"
                      ],
                      "feature_type": "string"
                    }
                  ]
                ],
                "description_kind": "plain",
                "computed": true
              },
              "iam_assumed_role_arn": {
                "type": "string",
                "description_kind": "plain",
                "optional": true
              },
              "id": {
                "type": "string",
                "description_kind": "plain",
                "optional": true,
                "computed": true
              },
              "project_id": {
                "type": "string",
                "description_kind": "plain",
                "required": true
              },
              "provider_name": {
                "type": "string",
                "description_kind": "plain",
                "required": true
              },
              "role_id": {
                "type": "string",
                "description_kind": "plain",
                "computed": true
              }
            },
            "description_kind": "plain"
          }
        },
        "mongodbatlas_cloud_provider_access_authorization": {
          "version": 1,
          "block": {
            "attributes": {
              "authorized_date": {
                "type": "string",
                "description_kind": "plain",
                "computed": true
              },
              "feature_usages": {
                "type": [
                  "list",
                  [
                    "object",
                    {
                      "feature_id": [
                        "map",
                        "string"
                      ],
                      "feature_type": "string"
                    }
                  ]
                ],
                "description_kind": "plain",
                "computed": true
              },
              "id": {
                "type": "string",
                "description_kind": "plain",
                "optional": true,
                "computed": true
              },
              "project_id": {
                "type": "string",
                "description_kind": "plain",
                "required": true
              },
              "role_id": {
                "type": "string",
                "description_kind": "plain",
                "required": true
              }
            },
            "block_types": {
              "aws": {
                "nesting_mode": "list",
                "block": {
                  "attributes": {
                    "iam_assumed_role_arn": {
                      "type": "string",
                      "description_kind": "plain",
                      "required": true
                    }
                  },
                  "description_kind": "plain"
                },
                "max_items": 1
              }
            },
            "description_kind": "plain"
          }
        },
        "mongodbatlas_cloud_provider_access_setup": {
          "version": 0,
          "block": {
            "attributes": {
              "aws": {
                "type": [
                  "map",
                  "string"
                ],
                "description_kind": "plain",
                "deprecated": true,
                "computed": true
              },
              "aws_config": {
                "type": [
                  "list",
                  [
                    "object",
                    {
                      "atlas_assumed_role_external_id": "string",
                      "atlas_aws_account_arn": "string"
                    }
                  ]
                ],
                "description_kind": "plain",
                "computed": true
              },
              "created_date": {
                "type": "string",
                "description_kind": "plain",
                "computed": true
              },
              "id": {
                "type": "string",
                "description_kind": "plain",
                "optional": true,
                "computed": true
              },
              "project_id": {
                "type": "string",
                "description_kind": "plain",
                "required": true
              },
              "provider_name": {
                "type": "string",
                "description_kind": "plain",
                "required": true
              },
              "role_id": {
                "type": "string",
                "description_kind": "plain",
                "computed": true
              }
            },
            "description_kind": "plain"
          }
        },
        "mongodbatlas_cloud_provider_snapshot": {
          "version": 0,
          "block": {
            "attributes": {
              "cluster_name": {
                "type": "string",
                "description_kind": "plain",
                "required": true
              },
              "created_at": {
                "type": "string",
                "description_kind": "plain",
                "computed": true
              },
              "description": {
                "type": "string",
                "description_kind": "plain",
                "required": true
              },
              "expires_at": {
                "type": "string",
                "description_kind": "plain",
                "computed": true
              },
              "id": {
                "type": "string",
                "description_kind": "plain",
                "optional": true,
                "computed": true
              },
              "master_key_uuid": {
                "type": "string",
                "description_kind": "plain",
                "computed": true
              },
              "mongod_version": {
                "type": "string",
                "description_kind": "plain",
                "computed": true
              },
              "project_id": {
                "type": "string",
                "description_kind": "plain",
                "required": true
              },
              "retention_in_days": {
                "type": "number",
                "description_kind": "plain",
                "required": true
              },
              "snapshot_id": {
                "type": "string",
                "description_kind": "plain",
                "computed": true
              },
              "snapshot_type": {
                "type": "string",
                "description_kind": "plain",
                "computed": true
              },
              "status": {
                "type": "string",
                "description_kind": "plain",
                "computed": true
              },
              "storage_size_bytes": {
                "type": "number",
                "description_kind": "plain",
                "computed": true
              },
              "timeout": {
                "type": "string",
                "description_kind": "plain",
                "optional": true
              },
              "type": {
                "type": "string",
                "description_kind": "plain",
                "computed": true
              }
            },
            "description_kind": "plain",
            "deprecated": true
          }
        },
        "mongodbatlas_cloud_provider_snapshot_backup_policy": {
          "version": 0,
          "block": {
            "attributes": {
              "cluster_id": {
                "type": "string",
                "description_kind": "plain",
                "computed": true
              },
              "cluster_name": {
                "type": "string",
                "description_kind": "plain",
                "required": true
              },
              "id": {
                "type": "string",
                "description_kind": "plain",
                "optional": true,
                "computed": true
              },
              "next_snapshot": {
                "type": "string",
                "description_kind": "plain",
                "computed": true
              },
              "project_id": {
                "type": "string",
                "description_kind": "plain",
                "required": true
              },
              "reference_hour_of_day": {
                "type": "number",
                "description_kind": "plain",
                "optional": true,
                "computed": true
              },
              "reference_minute_of_hour": {
                "type": "number",
                "description_kind": "plain",
                "optional": true,
                "computed": true
              },
              "restore_window_days": {
                "type": "number",
                "description_kind": "plain",
                "optional": true,
                "computed": true
              },
              "update_snapshots": {
                "type": "bool",
                "description_kind": "plain",
                "optional": true,
                "computed": true
              }
            },
            "block_types": {
              "policies": {
                "nesting_mode": "list",
                "block": {
                  "attributes": {
                    "id": {
                      "type": "string",
                      "description_kind": "plain",
                      "required": true
                    }
                  },
                  "block_types": {
                    "policy_item": {
                      "nesting_mode": "list",
                      "block": {
                        "attributes": {
                          "frequency_interval": {
                            "type": "number",
                            "description_kind": "plain",
                            "required": true
                          },
                          "frequency_type": {
                            "type": "string",
                            "description_kind": "plain",
                            "required": true
                          },
                          "id": {
                            "type": "string",
                            "description_kind": "plain",
                            "required": true
                          },
                          "retention_unit": {
                            "type": "string",
                            "description_kind": "plain",
                            "required": true
                          },
                          "retention_value": {
                            "type": "number",
                            "description_kind": "plain",
                            "required": true
                          }
                        },
                        "description_kind": "plain"
                      },
                      "min_items": 1
                    }
                  },
                  "description_kind": "plain"
                },
                "min_items": 1
              }
            },
            "description_kind": "plain",
            "deprecated": true
          }
        },
        "mongodbatlas_cloud_provider_snapshot_restore_job": {
          "version": 0,
          "block": {
            "attributes": {
              "cancelled": {
                "type": "bool",
                "description_kind": "plain",
                "computed": true
              },
              "cluster_name": {
                "type": "string",
                "description_kind": "plain",
                "required": true
              },
              "created_at": {
                "type": "string",
                "description_kind": "plain",
                "computed": true
              },
              "delivery_type": {
                "type": [
                  "map",
                  "string"
                ],
                "description_kind": "plain",
                "deprecated": true,
                "optional": true
              },
              "delivery_url": {
                "type": [
                  "list",
                  "string"
                ],
                "description_kind": "plain",
                "computed": true
              },
              "expired": {
                "type": "bool",
                "description_kind": "plain",
                "computed": true
              },
              "expires_at": {
                "type": "string",
                "description_kind": "plain",
                "computed": true
              },
              "finished_at": {
                "type": "string",
                "description_kind": "plain",
                "computed": true
              },
              "id": {
                "type": "string",
                "description_kind": "plain",
                "optional": true,
                "computed": true
              },
              "project_id": {
                "type": "string",
                "description_kind": "plain",
                "required": true
              },
              "snapshot_id": {
                "type": "string",
                "description_kind": "plain",
                "required": true
              },
              "snapshot_restore_job_id": {
                "type": "string",
                "description_kind": "plain",
                "computed": true
              },
              "timestamp": {
                "type": "string",
                "description_kind": "plain",
                "computed": true
              }
            },
            "block_types": {
              "delivery_type_config": {
                "nesting_mode": "list",
                "block": {
                  "attributes": {
                    "automated": {
                      "type": "bool",
                      "description_kind": "plain",
                      "optional": true
                    },
                    "download": {
                      "type": "bool",
                      "description_kind": "plain",
                      "optional": true
                    },
                    "oplog_inc": {
                      "type": "number",
                      "description_kind": "plain",
                      "optional": true
                    },
                    "oplog_ts": {
                      "type": "number",
                      "description_kind": "plain",
                      "optional": true
                    },
                    "point_in_time": {
                      "type": "bool",
                      "description_kind": "plain",
                      "optional": true
                    },
                    "point_in_time_utc_seconds": {
                      "type": "number",
                      "description_kind": "plain",
                      "optional": true
                    },
                    "target_cluster_name": {
                      "type": "string",
                      "description_kind": "plain",
                      "optional": true
                    },
                    "target_project_id": {
                      "type": "string",
                      "description_kind": "plain",
                      "optional": true
                    }
                  },
                  "description_kind": "plain"
                },
                "max_items": 1
              }
            },
            "description_kind": "plain",
            "deprecated": true
          }
        },
        "mongodbatlas_cluster": {
          "version": 1,
          "block": {
            "attributes": {
              "auto_scaling_compute_enabled": {
                "type": "bool",
                "description_kind": "plain",
                "optional": true,
                "computed": true
              },
              "auto_scaling_compute_scale_down_enabled": {
                "type": "bool",
                "description_kind": "plain",
                "optional": true,
                "computed": true
              },
              "auto_scaling_disk_gb_enabled": {
                "type": "bool",
                "description_kind": "plain",
                "optional": true
              },
              "backing_provider_name": {
                "type": "string",
                "description_kind": "plain",
                "optional": true,
                "computed": true
              },
              "backup_enabled": {
                "type": "bool",
                "description": "Clusters running MongoDB FCV 4.2 or later and any new Atlas clusters of any type do not support this parameter",
                "description_kind": "plain",
                "optional": true
              },
              "bi_connector": {
                "type": [
                  "map",
                  "string"
                ],
                "description_kind": "plain",
                "deprecated": true,
                "optional": true
              },
              "cloud_backup": {
                "type": "bool",
                "description_kind": "plain",
                "optional": true
              },
              "cluster_id": {
                "type": "string",
                "description_kind": "plain",
                "computed": true
              },
              "cluster_type": {
                "type": "string",
                "description_kind": "plain",
                "optional": true,
                "computed": true
              },
              "connection_strings": {
                "type": [
                  "list",
                  [
                    "object",
                    {
                      "aws_private_link": [
                        "map",
                        "string"
                      ],
                      "aws_private_link_srv": [
                        "map",
                        "string"
                      ],
                      "private": "string",
                      "private_endpoint": [
                        "list",
                        [
                          "object",
                          {
                            "connection_string": "string",
                            "endpoints": [
                              "list",
                              [
                                "object",
                                {
                                  "endpoint_id": "string",
                                  "provider_name": "string",
                                  "region": "string"
                                }
                              ]
                            ],
                            "srv_connection_string": "string",
                            "type": "string"
                          }
                        ]
                      ],
                      "private_srv": "string",
                      "standard": "string",
                      "standard_srv": "string"
                    }
                  ]
                ],
                "description_kind": "plain",
                "computed": true
              },
              "container_id": {
                "type": "string",
                "description_kind": "plain",
                "computed": true
              },
              "disk_size_gb": {
                "type": "number",
                "description_kind": "plain",
                "optional": true,
                "computed": true
              },
              "encryption_at_rest_provider": {
                "type": "string",
                "description_kind": "plain",
                "optional": true,
                "computed": true
              },
              "id": {
                "type": "string",
                "description_kind": "plain",
                "optional": true,
                "computed": true
              },
              "mongo_db_major_version": {
                "type": "string",
                "description_kind": "plain",
                "optional": true,
                "computed": true
              },
              "mongo_db_version": {
                "type": "string",
                "description_kind": "plain",
                "computed": true
              },
              "mongo_uri": {
                "type": "string",
                "description_kind": "plain",
                "computed": true
              },
              "mongo_uri_updated": {
                "type": "string",
                "description_kind": "plain",
                "computed": true
              },
              "mongo_uri_with_options": {
                "type": "string",
                "description_kind": "plain",
                "computed": true
              },
              "name": {
                "type": "string",
                "description_kind": "plain",
                "required": true
              },
              "num_shards": {
                "type": "number",
                "description_kind": "plain",
                "optional": true
              },
              "paused": {
                "type": "bool",
                "description_kind": "plain",
                "optional": true
              },
              "pit_enabled": {
                "type": "bool",
                "description_kind": "plain",
                "optional": true,
                "computed": true
              },
              "project_id": {
                "type": "string",
                "description_kind": "plain",
                "required": true
              },
              "provider_auto_scaling_compute_max_instance_size": {
                "type": "string",
                "description_kind": "plain",
                "optional": true,
                "computed": true
              },
              "provider_auto_scaling_compute_min_instance_size": {
                "type": "string",
                "description_kind": "plain",
                "optional": true,
                "computed": true
              },
              "provider_backup_enabled": {
                "type": "bool",
                "description_kind": "plain",
                "deprecated": true,
                "optional": true
              },
              "provider_disk_iops": {
                "type": "number",
                "description_kind": "plain",
                "optional": true,
                "computed": true
              },
              "provider_disk_type_name": {
                "type": "string",
                "description_kind": "plain",
                "optional": true,
                "computed": true
              },
              "provider_encrypt_ebs_volume": {
                "type": "bool",
                "description_kind": "plain",
                "deprecated": true,
                "optional": true,
                "computed": true
              },
              "provider_encrypt_ebs_volume_flag": {
                "type": "bool",
                "description_kind": "plain",
                "computed": true
              },
              "provider_instance_size_name": {
                "type": "string",
                "description_kind": "plain",
                "required": true
              },
              "provider_name": {
                "type": "string",
                "description_kind": "plain",
                "required": true
              },
              "provider_region_name": {
                "type": "string",
                "description_kind": "plain",
                "optional": true,
                "computed": true
              },
              "provider_volume_type": {
                "type": "string",
                "description_kind": "plain",
                "optional": true,
                "computed": true
              },
              "replication_factor": {
                "type": "number",
                "description_kind": "plain",
                "optional": true,
                "computed": true
              },
              "snapshot_backup_policy": {
                "type": [
                  "list",
                  [
                    "object",
                    {
                      "cluster_id": "string",
                      "cluster_name": "string",
                      "next_snapshot": "string",
                      "policies": [
                        "list",
                        [
                          "object",
                          {
                            "id": "string",
                            "policy_item": [
                              "list",
                              [
                                "object",
                                {
                                  "frequency_interval": "number",
                                  "frequency_type": "string",
                                  "id": "string",
                                  "retention_unit": "string",
                                  "retention_value": "number"
                                }
                              ]
                            ]
                          }
                        ]
                      ],
                      "reference_hour_of_day": "number",
                      "reference_minute_of_hour": "number",
                      "restore_window_days": "number",
                      "update_snapshots": "bool"
                    }
                  ]
                ],
                "description_kind": "plain",
                "computed": true
              },
              "srv_address": {
                "type": "string",
                "description_kind": "plain",
                "computed": true
              },
              "state_name": {
                "type": "string",
                "description_kind": "plain",
                "computed": true
              },
              "termination_protection_enabled": {
                "type": "bool",
                "description_kind": "plain",
                "optional": true,
                "computed": true
              },
              "version_release_system": {
                "type": "string",
                "description_kind": "plain",
                "optional": true
              }
            },
            "block_types": {
              "advanced_configuration": {
                "nesting_mode": "list",
                "block": {
                  "attributes": {
                    "default_read_concern": {
                      "type": "string",
                      "description_kind": "plain",
                      "optional": true,
                      "computed": true
                    },
                    "default_write_concern": {
                      "type": "string",
                      "description_kind": "plain",
                      "optional": true,
                      "computed": true
                    },
                    "fail_index_key_too_long": {
                      "type": "bool",
                      "description_kind": "plain",
                      "optional": true,
                      "computed": true
                    },
                    "javascript_enabled": {
                      "type": "bool",
                      "description_kind": "plain",
                      "optional": true,
                      "computed": true
                    },
                    "minimum_enabled_tls_protocol": {
                      "type": "string",
                      "description_kind": "plain",
                      "optional": true,
                      "computed": true
                    },
                    "no_table_scan": {
                      "type": "bool",
                      "description_kind": "plain",
                      "optional": true,
                      "computed": true
                    },
                    "oplog_min_retention_hours": {
                      "type": "number",
                      "description_kind": "plain",
                      "optional": true,
                      "computed": true
                    },
                    "oplog_size_mb": {
                      "type": "number",
                      "description_kind": "plain",
                      "optional": true,
                      "computed": true
                    },
                    "sample_refresh_interval_bi_connector": {
                      "type": "number",
                      "description_kind": "plain",
                      "optional": true,
                      "computed": true
                    },
                    "sample_size_bi_connector": {
                      "type": "number",
                      "description_kind": "plain",
                      "optional": true,
                      "computed": true
                    }
                  },
                  "description_kind": "plain"
                },
                "max_items": 1
              },
              "bi_connector_config": {
                "nesting_mode": "list",
                "block": {
                  "attributes": {
                    "enabled": {
                      "type": "bool",
                      "description_kind": "plain",
                      "optional": true,
                      "computed": true
                    },
                    "read_preference": {
                      "type": "string",
                      "description_kind": "plain",
                      "optional": true,
                      "computed": true
                    }
                  },
                  "description_kind": "plain"
                },
                "max_items": 1
              },
              "labels": {
                "nesting_mode": "set",
                "block": {
                  "attributes": {
                    "key": {
                      "type": "string",
                      "description_kind": "plain",
                      "optional": true,
                      "computed": true
                    },
                    "value": {
                      "type": "string",
                      "description_kind": "plain",
                      "optional": true,
                      "computed": true
                    }
                  },
                  "description_kind": "plain"
                }
              },
              "replication_specs": {
                "nesting_mode": "set",
                "block": {
                  "attributes": {
                    "id": {
                      "type": "string",
                      "description_kind": "plain",
                      "optional": true,
                      "computed": true
                    },
                    "num_shards": {
                      "type": "number",
                      "description_kind": "plain",
                      "required": true
                    },
                    "zone_name": {
                      "type": "string",
                      "description_kind": "plain",
                      "optional": true
                    }
                  },
                  "block_types": {
                    "regions_config": {
                      "nesting_mode": "set",
                      "block": {
                        "attributes": {
                          "analytics_nodes": {
                            "type": "number",
                            "description_kind": "plain",
                            "optional": true
                          },
                          "electable_nodes": {
                            "type": "number",
                            "description_kind": "plain",
                            "optional": true,
                            "computed": true
                          },
                          "priority": {
                            "type": "number",
                            "description_kind": "plain",
                            "optional": true,
                            "computed": true
                          },
                          "read_only_nodes": {
                            "type": "number",
                            "description_kind": "plain",
                            "optional": true
                          },
                          "region_name": {
                            "type": "string",
                            "description_kind": "plain",
                            "required": true
                          }
                        },
                        "description_kind": "plain"
                      }
                    }
                  },
                  "description_kind": "plain"
                }
              },
              "timeouts": {
                "nesting_mode": "single",
                "block": {
                  "attributes": {
                    "create": {
                      "type": "string",
                      "description_kind": "plain",
                      "optional": true
                    },
                    "delete": {
                      "type": "string",
                      "description_kind": "plain",
                      "optional": true
                    },
                    "update": {
                      "type": "string",
                      "description_kind": "plain",
                      "optional": true
                    }
                  },
                  "description_kind": "plain"
                }
              }
            },
            "description_kind": "plain"
          }
        },
        "mongodbatlas_custom_db_role": {
          "version": 0,
          "block": {
            "attributes": {
              "id": {
                "type": "string",
                "description_kind": "plain",
                "optional": true,
                "computed": true
              },
              "project_id": {
                "type": "string",
                "description_kind": "plain",
                "required": true
              },
              "role_name": {
                "type": "string",
                "description_kind": "plain",
                "required": true
              }
            },
            "block_types": {
              "actions": {
                "nesting_mode": "list",
                "block": {
                  "attributes": {
                    "action": {
                      "type": "string",
                      "description_kind": "plain",
                      "required": true
                    }
                  },
                  "block_types": {
                    "resources": {
                      "nesting_mode": "set",
                      "block": {
                        "attributes": {
                          "cluster": {
                            "type": "bool",
                            "description_kind": "plain",
                            "optional": true
                          },
                          "collection_name": {
                            "type": "string",
                            "description_kind": "plain",
                            "optional": true
                          },
                          "database_name": {
                            "type": "string",
                            "description_kind": "plain",
                            "optional": true
                          }
                        },
                        "description_kind": "plain"
                      },
                      "min_items": 1
                    }
                  },
                  "description_kind": "plain"
                }
              },
              "inherited_roles": {
                "nesting_mode": "set",
                "block": {
                  "attributes": {
                    "database_name": {
                      "type": "string",
                      "description_kind": "plain",
                      "required": true
                    },
                    "role_name": {
                      "type": "string",
                      "description_kind": "plain",
                      "required": true
                    }
                  },
                  "description_kind": "plain"
                }
              }
            },
            "description_kind": "plain"
          }
        },
        "mongodbatlas_custom_dns_configuration_cluster_aws": {
          "version": 0,
          "block": {
            "attributes": {
              "enabled": {
                "type": "bool",
                "description_kind": "plain",
                "required": true
              },
              "id": {
                "type": "string",
                "description_kind": "plain",
                "optional": true,
                "computed": true
              },
              "project_id": {
                "type": "string",
                "description_kind": "plain",
                "required": true
              }
            },
            "description_kind": "plain"
          }
        },
        "mongodbatlas_data_lake": {
          "version": 0,
          "block": {
            "attributes": {
              "hostnames": {
                "type": [
                  "list",
                  "string"
                ],
                "description_kind": "plain",
                "computed": true
              },
              "id": {
                "type": "string",
                "description_kind": "plain",
                "optional": true,
                "computed": true
              },
              "name": {
                "type": "string",
                "description_kind": "plain",
                "required": true
              },
              "project_id": {
                "type": "string",
                "description_kind": "plain",
                "required": true
              },
              "state": {
                "type": "string",
                "description_kind": "plain",
                "computed": true
              },
              "storage_databases": {
                "type": [
                  "list",
                  [
                    "object",
                    {
                      "collections": [
                        "list",
                        [
                          "object",
                          {
                            "data_sources": [
                              "list",
                              [
                                "object",
                                {
                                  "default_format": "string",
                                  "path": "string",
                                  "store_name": "string"
                                }
                              ]
                            ],
                            "name": "string"
                          }
                        ]
                      ],
                      "max_wildcard_collections": "number",
                      "name": "string",
                      "views": [
                        "list",
                        [
                          "object",
                          {
                            "name": "string",
                            "pipeline": "string",
                            "source": "string"
                          }
                        ]
                      ]
                    }
                  ]
                ],
                "description_kind": "plain",
                "computed": true
              },
              "storage_stores": {
                "type": [
                  "list",
                  [
                    "object",
                    {
                      "additional_storage_classes": [
                        "set",
                        "string"
                      ],
                      "bucket": "string",
                      "delimiter": "string",
                      "include_tags": "bool",
                      "name": "string",
                      "prefix": "string",
                      "provider": "string",
                      "region": "string"
                    }
                  ]
                ],
                "description_kind": "plain",
                "computed": true
              }
            },
            "block_types": {
              "aws": {
                "nesting_mode": "list",
                "block": {
                  "attributes": {
                    "external_id": {
                      "type": "string",
                      "description_kind": "plain",
                      "computed": true
                    },
                    "iam_assumed_role_arn": {
                      "type": "string",
                      "description_kind": "plain",
                      "computed": true
                    },
                    "iam_user_arn": {
                      "type": "string",
                      "description_kind": "plain",
                      "computed": true
                    },
                    "role_id": {
                      "type": "string",
                      "description_kind": "plain",
                      "required": true
                    },
                    "test_s3_bucket": {
                      "type": "string",
                      "description_kind": "plain",
                      "required": true
                    }
                  },
                  "description_kind": "plain"
                },
                "min_items": 1,
                "max_items": 1
              },
              "data_process_region": {
                "nesting_mode": "list",
                "block": {
                  "attributes": {
                    "cloud_provider": {
                      "type": "string",
                      "description_kind": "plain",
                      "required": true
                    },
                    "region": {
                      "type": "string",
                      "description_kind": "plain",
                      "required": true
                    }
                  },
                  "description_kind": "plain"
                },
                "max_items": 1
              }
            },
            "description_kind": "plain"
          }
        },
        "mongodbatlas_database_user": {
          "version": 0,
          "block": {
            "attributes": {
              "auth_database_name": {
                "type": "string",
                "description_kind": "plain",
                "optional": true
              },
              "aws_iam_type": {
                "type": "string",
                "description_kind": "plain",
                "optional": true
              },
              "database_name": {
                "type": "string",
                "description_kind": "plain",
                "deprecated": true,
                "optional": true
              },
              "id": {
                "type": "string",
                "description_kind": "plain",
                "optional": true,
                "computed": true
              },
              "ldap_auth_type": {
                "type": "string",
                "description_kind": "plain",
                "optional": true
              },
              "password": {
                "type": "string",
                "description_kind": "plain",
                "optional": true,
                "sensitive": true
              },
              "project_id": {
                "type": "string",
                "description_kind": "plain",
                "required": true
              },
              "username": {
                "type": "string",
                "description_kind": "plain",
                "required": true
              },
              "x509_type": {
                "type": "string",
                "description_kind": "plain",
                "optional": true
              }
            },
            "block_types": {
              "labels": {
                "nesting_mode": "set",
                "block": {
                  "attributes": {
                    "key": {
                      "type": "string",
                      "description_kind": "plain",
                      "optional": true,
                      "computed": true
                    },
                    "value": {
                      "type": "string",
                      "description_kind": "plain",
                      "optional": true,
                      "computed": true
                    }
                  },
                  "description_kind": "plain"
                }
              },
              "roles": {
                "nesting_mode": "set",
                "block": {
                  "attributes": {
                    "collection_name": {
                      "type": "string",
                      "description_kind": "plain",
                      "optional": true,
                      "computed": true
                    },
                    "database_name": {
                      "type": "string",
                      "description_kind": "plain",
                      "optional": true,
                      "computed": true
                    },
                    "role_name": {
                      "type": "string",
                      "description_kind": "plain",
                      "optional": true,
                      "computed": true
                    }
                  },
                  "description_kind": "plain"
                },
                "min_items": 1
              },
              "scopes": {
                "nesting_mode": "set",
                "block": {
                  "attributes": {
                    "name": {
                      "type": "string",
                      "description_kind": "plain",
                      "optional": true
                    },
                    "type": {
                      "type": "string",
                      "description_kind": "plain",
                      "optional": true
                    }
                  },
                  "description_kind": "plain"
                }
              }
            },
            "description_kind": "plain"
          }
        },
        "mongodbatlas_encryption_at_rest": {
          "version": 0,
          "block": {
            "attributes": {
              "aws_kms": {
                "type": [
                  "map",
                  "string"
                ],
                "description_kind": "plain",
                "deprecated": true,
                "optional": true,
                "sensitive": true
              },
              "azure_key_vault": {
                "type": [
                  "map",
                  "string"
                ],
                "description_kind": "plain",
                "deprecated": true,
                "optional": true,
                "sensitive": true
              },
              "google_cloud_kms": {
                "type": [
                  "map",
                  "string"
                ],
                "description_kind": "plain",
                "deprecated": true,
                "optional": true,
                "sensitive": true
              },
              "id": {
                "type": "string",
                "description_kind": "plain",
                "optional": true,
                "computed": true
              },
              "project_id": {
                "type": "string",
                "description_kind": "plain",
                "required": true
              }
            },
            "block_types": {
              "aws_kms_config": {
                "nesting_mode": "list",
                "block": {
                  "attributes": {
                    "access_key_id": {
                      "type": "string",
                      "description_kind": "plain",
                      "optional": true,
                      "sensitive": true
                    },
                    "customer_master_key_id": {
                      "type": "string",
                      "description_kind": "plain",
                      "optional": true,
                      "sensitive": true
                    },
                    "enabled": {
                      "type": "bool",
                      "description_kind": "plain",
                      "optional": true
                    },
                    "region": {
                      "type": "string",
                      "description_kind": "plain",
                      "optional": true
                    },
                    "role_id": {
                      "type": "string",
                      "description_kind": "plain",
                      "optional": true
                    },
                    "secret_access_key": {
                      "type": "string",
                      "description_kind": "plain",
                      "optional": true,
                      "sensitive": true
                    }
                  },
                  "description_kind": "plain"
                },
                "max_items": 1
              },
              "azure_key_vault_config": {
                "nesting_mode": "list",
                "block": {
                  "attributes": {
                    "azure_environment": {
                      "type": "string",
                      "description_kind": "plain",
                      "optional": true
                    },
                    "client_id": {
                      "type": "string",
                      "description_kind": "plain",
                      "optional": true,
                      "sensitive": true
                    },
                    "enabled": {
                      "type": "bool",
                      "description_kind": "plain",
                      "required": true
                    },
                    "key_identifier": {
                      "type": "string",
                      "description_kind": "plain",
                      "optional": true,
                      "sensitive": true
                    },
                    "key_vault_name": {
                      "type": "string",
                      "description_kind": "plain",
                      "optional": true
                    },
                    "resource_group_name": {
                      "type": "string",
                      "description_kind": "plain",
                      "optional": true
                    },
                    "secret": {
                      "type": "string",
                      "description_kind": "plain",
                      "optional": true,
                      "sensitive": true
                    },
                    "subscription_id": {
                      "type": "string",
                      "description_kind": "plain",
                      "optional": true,
                      "sensitive": true
                    },
                    "tenant_id": {
                      "type": "string",
                      "description_kind": "plain",
                      "optional": true,
                      "sensitive": true
                    }
                  },
                  "description_kind": "plain"
                },
                "max_items": 1
              },
              "google_cloud_kms_config": {
                "nesting_mode": "list",
                "block": {
                  "attributes": {
                    "enabled": {
                      "type": "bool",
                      "description_kind": "plain",
                      "optional": true
                    },
                    "key_version_resource_id": {
                      "type": "string",
                      "description_kind": "plain",
                      "optional": true,
                      "sensitive": true
                    },
                    "service_account_key": {
                      "type": "string",
                      "description_kind": "plain",
                      "optional": true,
                      "sensitive": true
                    }
                  },
                  "description_kind": "plain"
                },
                "max_items": 1
              }
            },
            "description_kind": "plain"
          }
        },
        "mongodbatlas_event_trigger": {
          "version": 0,
          "block": {
            "attributes": {
              "app_id": {
                "type": "string",
                "description_kind": "plain",
                "required": true
              },
              "config_collection": {
                "type": "string",
                "description_kind": "plain",
                "optional": true,
                "computed": true
              },
              "config_database": {
                "type": "string",
                "description_kind": "plain",
                "optional": true,
                "computed": true
              },
              "config_full_document": {
                "type": "bool",
                "description_kind": "plain",
                "optional": true,
                "computed": true
              },
              "config_full_document_before": {
                "type": "bool",
                "description_kind": "plain",
                "optional": true,
                "computed": true
              },
              "config_match": {
                "type": "string",
                "description_kind": "plain",
                "optional": true,
                "computed": true
              },
              "config_operation_type": {
                "type": "string",
                "description_kind": "plain",
                "optional": true,
                "computed": true
              },
              "config_operation_types": {
                "type": [
                  "list",
                  "string"
                ],
                "description_kind": "plain",
                "optional": true,
                "computed": true
              },
              "config_project": {
                "type": "string",
                "description_kind": "plain",
                "optional": true,
                "computed": true
              },
              "config_providers": {
                "type": [
                  "list",
                  "string"
                ],
                "description_kind": "plain",
                "optional": true,
                "computed": true
              },
              "config_schedule": {
                "type": "string",
                "description_kind": "plain",
                "optional": true,
                "computed": true
              },
              "config_schedule_type": {
                "type": "string",
                "description_kind": "plain",
                "computed": true
              },
              "config_service_id": {
                "type": "string",
                "description_kind": "plain",
                "optional": true,
                "computed": true
              },
              "disabled": {
                "type": "bool",
                "description_kind": "plain",
                "optional": true,
                "computed": true
              },
              "function_id": {
                "type": "string",
                "description_kind": "plain",
                "optional": true
              },
              "function_name": {
                "type": "string",
                "description_kind": "plain",
                "computed": true
              },
              "id": {
                "type": "string",
                "description_kind": "plain",
                "optional": true,
                "computed": true
              },
              "name": {
                "type": "string",
                "description_kind": "plain",
                "required": true
              },
              "project_id": {
                "type": "string",
                "description_kind": "plain",
                "required": true
              },
              "trigger_id": {
                "type": "string",
                "description_kind": "plain",
                "computed": true
              },
              "type": {
                "type": "string",
                "description_kind": "plain",
                "required": true
              },
              "unordered": {
                "type": "bool",
                "description_kind": "plain",
                "optional": true,
                "computed": true
              }
            },
            "block_types": {
              "event_processors": {
                "nesting_mode": "list",
                "block": {
                  "block_types": {
                    "aws_eventbridge": {
                      "nesting_mode": "list",
                      "block": {
                        "attributes": {
                          "config_account_id": {
                            "type": "string",
                            "description_kind": "plain",
                            "optional": true
                          },
                          "config_region": {
                            "type": "string",
                            "description_kind": "plain",
                            "optional": true
                          }
                        },
                        "description_kind": "plain"
                      },
                      "max_items": 1
                    }
                  },
                  "description_kind": "plain"
                },
                "max_items": 1
              }
            },
            "description_kind": "plain"
          }
        },
        "mongodbatlas_federated_settings_identity_provider": {
          "version": 0,
          "block": {
            "attributes": {
              "associated_domains": {
                "type": [
                  "list",
                  "string"
                ],
                "description_kind": "plain",
                "optional": true
              },
              "federation_settings_id": {
                "type": "string",
                "description_kind": "plain",
                "required": true
              },
              "id": {
                "type": "string",
                "description_kind": "plain",
                "optional": true,
                "computed": true
              },
              "issuer_uri": {
                "type": "string",
                "description_kind": "plain",
                "required": true
              },
              "name": {
                "type": "string",
                "description_kind": "plain",
                "required": true
              },
              "okta_idp_id": {
                "type": "string",
                "description_kind": "plain",
                "computed": true
              },
              "request_binding": {
                "type": "string",
                "description_kind": "plain",
                "required": true
              },
              "response_signature_algorithm": {
                "type": "string",
                "description_kind": "plain",
                "required": true
              },
              "sso_debug_enabled": {
                "type": "bool",
                "description_kind": "plain",
                "required": true
              },
              "sso_url": {
                "type": "string",
                "description_kind": "plain",
                "required": true
              },
              "status": {
                "type": "string",
                "description_kind": "plain",
                "required": true
              }
            },
            "description_kind": "plain"
          }
        },
        "mongodbatlas_federated_settings_org_config": {
          "version": 0,
          "block": {
            "attributes": {
              "domain_allow_list": {
                "type": [
                  "list",
                  "string"
                ],
                "description_kind": "plain",
                "optional": true
              },
              "domain_restriction_enabled": {
                "type": "bool",
                "description_kind": "plain",
                "required": true
              },
              "federation_settings_id": {
                "type": "string",
                "description_kind": "plain",
                "required": true
              },
              "id": {
                "type": "string",
                "description_kind": "plain",
                "optional": true,
                "computed": true
              },
              "identity_provider_id": {
                "type": "string",
                "description_kind": "plain",
                "required": true
              },
              "org_id": {
                "type": "string",
                "description_kind": "plain",
                "required": true
              },
              "post_auth_role_grants": {
                "type": [
                  "list",
                  "string"
                ],
                "description_kind": "plain",
                "optional": true
              }
            },
            "description_kind": "plain"
          }
        },
        "mongodbatlas_federated_settings_org_role_mapping": {
          "version": 0,
          "block": {
            "attributes": {
              "external_group_name": {
                "type": "string",
                "description_kind": "plain",
                "required": true
              },
              "federation_settings_id": {
                "type": "string",
                "description_kind": "plain",
                "required": true
              },
              "id": {
                "type": "string",
                "description_kind": "plain",
                "computed": true
              },
              "org_id": {
                "type": "string",
                "description_kind": "plain",
                "required": true
              }
            },
            "block_types": {
              "role_assignments": {
                "nesting_mode": "set",
                "block": {
                  "attributes": {
                    "group_id": {
                      "type": "string",
                      "description_kind": "plain",
                      "optional": true
                    },
                    "org_id": {
                      "type": "string",
                      "description_kind": "plain",
                      "optional": true
                    },
                    "roles": {
                      "type": [
                        "set",
                        "string"
                      ],
                      "description_kind": "plain",
                      "optional": true
                    }
                  },
                  "description_kind": "plain"
                },
                "min_items": 1
              }
            },
            "description_kind": "plain"
          }
        },
        "mongodbatlas_global_cluster_config": {
          "version": 0,
          "block": {
            "attributes": {
              "cluster_name": {
                "type": "string",
                "description_kind": "plain",
                "required": true
              },
              "custom_zone_mapping": {
                "type": [
                  "map",
                  "string"
                ],
                "description_kind": "plain",
                "computed": true
              },
              "id": {
                "type": "string",
                "description_kind": "plain",
                "optional": true,
                "computed": true
              },
              "project_id": {
                "type": "string",
                "description_kind": "plain",
                "required": true
              }
            },
            "block_types": {
              "custom_zone_mappings": {
                "nesting_mode": "set",
                "block": {
                  "attributes": {
                    "location": {
                      "type": "string",
                      "description_kind": "plain",
                      "optional": true,
                      "computed": true
                    },
                    "zone": {
                      "type": "string",
                      "description_kind": "plain",
                      "optional": true,
                      "computed": true
                    }
                  },
                  "description_kind": "plain"
                }
              },
              "managed_namespaces": {
                "nesting_mode": "set",
                "block": {
                  "attributes": {
                    "collection": {
                      "type": "string",
                      "description_kind": "plain",
                      "required": true
                    },
                    "custom_shard_key": {
                      "type": "string",
                      "description_kind": "plain",
                      "required": true
                    },
                    "db": {
                      "type": "string",
                      "description_kind": "plain",
                      "required": true
                    },
                    "is_custom_shard_key_hashed": {
                      "type": "bool",
                      "description_kind": "plain",
                      "optional": true,
                      "computed": true
                    },
                    "is_shard_key_unique": {
                      "type": "bool",
                      "description_kind": "plain",
                      "optional": true,
                      "computed": true
                    }
                  },
                  "description_kind": "plain"
                }
              }
            },
            "description_kind": "plain"
          }
        },
        "mongodbatlas_ldap_configuration": {
          "version": 0,
          "block": {
            "attributes": {
              "authentication_enabled": {
                "type": "bool",
                "description_kind": "plain",
                "required": true
              },
              "authorization_enabled": {
                "type": "bool",
                "description_kind": "plain",
                "optional": true,
                "computed": true
              },
              "authz_query_template": {
                "type": "string",
                "description_kind": "plain",
                "optional": true,
                "computed": true
              },
              "bind_password": {
                "type": "string",
                "description_kind": "plain",
                "required": true,
                "sensitive": true
              },
              "bind_username": {
                "type": "string",
                "description_kind": "plain",
                "required": true
              },
              "ca_certificate": {
                "type": "string",
                "description_kind": "plain",
                "optional": true,
                "computed": true
              },
              "hostname": {
                "type": "string",
                "description_kind": "plain",
                "required": true
              },
              "id": {
                "type": "string",
                "description_kind": "plain",
                "optional": true,
                "computed": true
              },
              "port": {
                "type": "number",
                "description_kind": "plain",
                "optional": true
              },
              "project_id": {
                "type": "string",
                "description_kind": "plain",
                "required": true
              }
            },
            "block_types": {
              "user_to_dn_mapping": {
                "nesting_mode": "list",
                "block": {
                  "attributes": {
                    "ldap_query": {
                      "type": "string",
                      "description_kind": "plain",
                      "optional": true,
                      "computed": true
                    },
                    "match": {
                      "type": "string",
                      "description_kind": "plain",
                      "optional": true,
                      "computed": true
                    },
                    "substitution": {
                      "type": "string",
                      "description_kind": "plain",
                      "optional": true,
                      "computed": true
                    }
                  },
                  "description_kind": "plain"
                }
              }
            },
            "description_kind": "plain"
          }
        },
        "mongodbatlas_ldap_verify": {
          "version": 0,
          "block": {
            "attributes": {
              "authz_query_template": {
                "type": "string",
                "description_kind": "plain",
                "optional": true,
                "computed": true
              },
              "bind_password": {
                "type": "string",
                "description_kind": "plain",
                "required": true
              },
              "bind_username": {
                "type": "string",
                "description_kind": "plain",
                "required": true
              },
              "ca_certificate": {
                "type": "string",
                "description_kind": "plain",
                "optional": true,
                "computed": true
              },
              "hostname": {
                "type": "string",
                "description_kind": "plain",
                "required": true
              },
              "id": {
                "type": "string",
                "description_kind": "plain",
                "optional": true,
                "computed": true
              },
              "links": {
                "type": [
                  "list",
                  [
                    "object",
                    {
                      "href": "string",
                      "rel": "string"
                    }
                  ]
                ],
                "description_kind": "plain",
                "computed": true
              },
              "port": {
                "type": "number",
                "description_kind": "plain",
                "required": true
              },
              "project_id": {
                "type": "string",
                "description_kind": "plain",
                "required": true
              },
              "request_id": {
                "type": "string",
                "description_kind": "plain",
                "computed": true
              },
              "status": {
                "type": "string",
                "description_kind": "plain",
                "computed": true
              },
              "validations": {
                "type": [
                  "list",
                  [
                    "object",
                    {
                      "status": "string",
                      "validation_type": "string"
                    }
                  ]
                ],
                "description_kind": "plain",
                "computed": true
              }
            },
            "description_kind": "plain"
          }
        },
        "mongodbatlas_maintenance_window": {
          "version": 0,
          "block": {
            "attributes": {
              "auto_defer": {
                "type": "bool",
                "description_kind": "plain",
                "optional": true,
                "computed": true
              },
              "auto_defer_once_enabled": {
                "type": "bool",
                "description_kind": "plain",
                "optional": true,
                "computed": true
              },
              "day_of_week": {
                "type": "number",
                "description_kind": "plain",
                "optional": true,
                "computed": true
              },
              "defer": {
                "type": "bool",
                "description_kind": "plain",
                "optional": true,
                "computed": true
              },
              "hour_of_day": {
                "type": "number",
                "description_kind": "plain",
                "optional": true,
                "computed": true
              },
              "id": {
                "type": "string",
                "description_kind": "plain",
                "optional": true,
                "computed": true
              },
              "number_of_deferrals": {
                "type": "number",
                "description_kind": "plain",
                "optional": true,
                "computed": true
              },
              "project_id": {
                "type": "string",
                "description_kind": "plain",
                "required": true
              },
              "start_asap": {
                "type": "bool",
                "description_kind": "plain",
                "computed": true
              }
            },
            "description_kind": "plain"
          }
        },
        "mongodbatlas_network_container": {
          "version": 0,
          "block": {
            "attributes": {
              "atlas_cidr_block": {
                "type": "string",
                "description_kind": "plain",
                "required": true
              },
              "azure_subscription_id": {
                "type": "string",
                "description_kind": "plain",
                "computed": true
              },
              "container_id": {
                "type": "string",
                "description_kind": "plain",
                "computed": true
              },
              "gcp_project_id": {
                "type": "string",
                "description_kind": "plain",
                "computed": true
              },
              "id": {
                "type": "string",
                "description_kind": "plain",
                "optional": true,
                "computed": true
              },
              "network_name": {
                "type": "string",
                "description_kind": "plain",
                "computed": true
              },
              "project_id": {
                "type": "string",
                "description_kind": "plain",
                "required": true
              },
              "provider_name": {
                "type": "string",
                "description_kind": "plain",
                "optional": true
              },
              "provisioned": {
                "type": "bool",
                "description_kind": "plain",
                "computed": true
              },
              "region": {
                "type": "string",
                "description_kind": "plain",
                "optional": true,
                "computed": true
              },
              "region_name": {
                "type": "string",
                "description_kind": "plain",
                "optional": true,
                "computed": true
              },
              "regions": {
                "type": [
                  "list",
                  "string"
                ],
                "description_kind": "plain",
                "optional": true
              },
              "vnet_name": {
                "type": "string",
                "description_kind": "plain",
                "computed": true
              },
              "vpc_id": {
                "type": "string",
                "description_kind": "plain",
                "computed": true
              }
            },
            "description_kind": "plain"
          }
        },
        "mongodbatlas_network_peering": {
          "version": 0,
          "block": {
            "attributes": {
              "accepter_region_name": {
                "type": "string",
                "description_kind": "plain",
                "optional": true,
                "computed": true
              },
              "atlas_cidr_block": {
                "type": "string",
                "description_kind": "plain",
                "optional": true,
                "computed": true
              },
              "atlas_gcp_project_id": {
                "type": "string",
                "description_kind": "plain",
                "optional": true,
                "computed": true
              },
              "atlas_id": {
                "type": "string",
                "description_kind": "plain",
                "computed": true
              },
              "atlas_vpc_name": {
                "type": "string",
                "description_kind": "plain",
                "optional": true,
                "computed": true
              },
              "aws_account_id": {
                "type": "string",
                "description_kind": "plain",
                "optional": true,
                "computed": true
              },
              "azure_directory_id": {
                "type": "string",
                "description_kind": "plain",
                "optional": true,
                "computed": true
              },
              "azure_subscription_id": {
                "type": "string",
                "description_kind": "plain",
                "optional": true,
                "computed": true
              },
              "connection_id": {
                "type": "string",
                "description_kind": "plain",
                "computed": true
              },
              "container_id": {
                "type": "string",
                "description_kind": "plain",
                "required": true
              },
              "error_message": {
                "type": "string",
                "description_kind": "plain",
                "computed": true
              },
              "error_state": {
                "type": "string",
                "description_kind": "plain",
                "computed": true
              },
              "error_state_name": {
                "type": "string",
                "description_kind": "plain",
                "computed": true
              },
              "gcp_project_id": {
                "type": "string",
                "description_kind": "plain",
                "optional": true,
                "computed": true
              },
              "id": {
                "type": "string",
                "description_kind": "plain",
                "optional": true,
                "computed": true
              },
              "network_name": {
                "type": "string",
                "description_kind": "plain",
                "optional": true,
                "computed": true
              },
              "peer_id": {
                "type": "string",
                "description_kind": "plain",
                "computed": true
              },
              "project_id": {
                "type": "string",
                "description_kind": "plain",
                "required": true
              },
              "provider_name": {
                "type": "string",
                "description_kind": "plain",
                "required": true
              },
              "resource_group_name": {
                "type": "string",
                "description_kind": "plain",
                "optional": true,
                "computed": true
              },
              "route_table_cidr_block": {
                "type": "string",
                "description_kind": "plain",
                "optional": true,
                "computed": true
              },
              "status": {
                "type": "string",
                "description_kind": "plain",
                "computed": true
              },
              "status_name": {
                "type": "string",
                "description_kind": "plain",
                "computed": true
              },
              "vnet_name": {
                "type": "string",
                "description_kind": "plain",
                "optional": true,
                "computed": true
              },
              "vpc_id": {
                "type": "string",
                "description_kind": "plain",
                "optional": true,
                "computed": true
              }
            },
            "description_kind": "plain"
          }
        },
        "mongodbatlas_online_archive": {
          "version": 0,
          "block": {
            "attributes": {
              "archive_id": {
                "type": "string",
                "description_kind": "plain",
                "computed": true
              },
              "cluster_name": {
                "type": "string",
                "description_kind": "plain",
                "required": true
              },
              "coll_name": {
                "type": "string",
                "description_kind": "plain",
                "required": true
              },
              "collection_type": {
                "type": "string",
                "description_kind": "plain",
                "optional": true,
                "computed": true
              },
              "db_name": {
                "type": "string",
                "description_kind": "plain",
                "required": true
              },
              "id": {
                "type": "string",
                "description_kind": "plain",
                "optional": true,
                "computed": true
              },
              "paused": {
                "type": "bool",
                "description_kind": "plain",
                "optional": true,
                "computed": true
              },
              "project_id": {
                "type": "string",
                "description_kind": "plain",
                "required": true
              },
              "state": {
                "type": "string",
                "description_kind": "plain",
                "computed": true
              },
              "sync_creation": {
                "type": "bool",
                "description_kind": "plain",
                "optional": true
              }
            },
            "block_types": {
              "criteria": {
                "nesting_mode": "list",
                "block": {
                  "attributes": {
                    "date_field": {
                      "type": "string",
                      "description_kind": "plain",
                      "optional": true
                    },
                    "date_format": {
                      "type": "string",
                      "description_kind": "plain",
                      "optional": true,
                      "computed": true
                    },
                    "expire_after_days": {
                      "type": "number",
                      "description_kind": "plain",
                      "optional": true
                    },
                    "query": {
                      "type": "string",
                      "description_kind": "plain",
                      "optional": true
                    },
                    "type": {
                      "type": "string",
                      "description_kind": "plain",
                      "required": true
                    }
                  },
                  "description_kind": "plain"
                },
                "min_items": 1,
                "max_items": 1
              },
              "partition_fields": {
                "nesting_mode": "list",
                "block": {
                  "attributes": {
                    "field_name": {
                      "type": "string",
                      "description_kind": "plain",
                      "required": true
                    },
                    "field_type": {
                      "type": "string",
                      "description_kind": "plain",
                      "computed": true
                    },
                    "order": {
                      "type": "number",
                      "description_kind": "plain",
                      "required": true
                    }
                  },
                  "description_kind": "plain"
                }
              }
            },
            "description_kind": "plain"
          }
        },
        "mongodbatlas_org_invitation": {
          "version": 0,
          "block": {
            "attributes": {
              "created_at": {
                "type": "string",
                "description_kind": "plain",
                "computed": true
              },
              "expires_at": {
                "type": "string",
                "description_kind": "plain",
                "computed": true
              },
              "id": {
                "type": "string",
                "description_kind": "plain",
                "optional": true,
                "computed": true
              },
              "invitation_id": {
                "type": "string",
                "description_kind": "plain",
                "computed": true
              },
              "inviter_username": {
                "type": "string",
                "description_kind": "plain",
                "computed": true
              },
              "org_id": {
                "type": "string",
                "description_kind": "plain",
                "required": true
              },
              "roles": {
                "type": [
                  "set",
                  "string"
                ],
                "description_kind": "plain",
                "required": true
              },
              "teams_ids": {
                "type": [
                  "set",
                  "string"
                ],
                "description_kind": "plain",
                "optional": true
              },
              "username": {
                "type": "string",
                "description_kind": "plain",
                "required": true
              }
            },
            "description_kind": "plain"
          }
        },
        "mongodbatlas_private_endpoint_regional_mode": {
          "version": 0,
          "block": {
            "attributes": {
              "enabled": {
                "type": "bool",
                "description_kind": "plain",
                "optional": true
              },
              "id": {
                "type": "string",
                "description_kind": "plain",
                "optional": true,
                "computed": true
              },
              "project_id": {
                "type": "string",
                "description_kind": "plain",
                "required": true
              }
            },
            "block_types": {
              "timeouts": {
                "nesting_mode": "single",
                "block": {
                  "attributes": {
                    "create": {
                      "type": "string",
                      "description_kind": "plain",
                      "optional": true
                    },
                    "delete": {
                      "type": "string",
                      "description_kind": "plain",
                      "optional": true
                    },
                    "update": {
                      "type": "string",
                      "description_kind": "plain",
                      "optional": true
                    }
                  },
                  "description_kind": "plain"
                }
              }
            },
            "description_kind": "plain"
          }
        },
        "mongodbatlas_private_ip_mode": {
          "version": 0,
          "block": {
            "attributes": {
              "enabled": {
                "type": "bool",
                "description_kind": "plain",
                "required": true
              },
              "id": {
                "type": "string",
                "description_kind": "plain",
                "optional": true,
                "computed": true
              },
              "project_id": {
                "type": "string",
                "description_kind": "plain",
                "required": true
              }
            },
            "description_kind": "plain",
            "deprecated": true
          }
        },
        "mongodbatlas_privatelink_endpoint": {
          "version": 0,
          "block": {
            "attributes": {
              "endpoint_group_names": {
                "type": [
                  "list",
                  "string"
                ],
                "description_kind": "plain",
                "computed": true
              },
              "endpoint_service_name": {
                "type": "string",
                "description_kind": "plain",
                "computed": true
              },
              "error_message": {
                "type": "string",
                "description_kind": "plain",
                "computed": true
              },
              "id": {
                "type": "string",
                "description_kind": "plain",
                "optional": true,
                "computed": true
              },
              "interface_endpoints": {
                "type": [
                  "list",
                  "string"
                ],
                "description_kind": "plain",
                "computed": true
              },
              "private_endpoints": {
                "type": [
                  "list",
                  "string"
                ],
                "description_kind": "plain",
                "computed": true
              },
              "private_link_id": {
                "type": "string",
                "description_kind": "plain",
                "computed": true
              },
              "private_link_service_name": {
                "type": "string",
                "description_kind": "plain",
                "computed": true
              },
              "private_link_service_resource_id": {
                "type": "string",
                "description_kind": "plain",
                "computed": true
              },
              "project_id": {
                "type": "string",
                "description_kind": "plain",
                "required": true
              },
              "provider_name": {
                "type": "string",
                "description_kind": "plain",
                "required": true
              },
              "region": {
                "type": "string",
                "description_kind": "plain",
                "required": true
              },
              "region_name": {
                "type": "string",
                "description_kind": "plain",
                "computed": true
              },
              "service_attachment_names": {
                "type": [
                  "list",
                  "string"
                ],
                "description_kind": "plain",
                "computed": true
              },
              "status": {
                "type": "string",
                "description_kind": "plain",
                "computed": true
              }
            },
            "block_types": {
              "timeouts": {
                "nesting_mode": "single",
                "block": {
                  "attributes": {
                    "create": {
                      "type": "string",
                      "description_kind": "plain",
                      "optional": true
                    },
                    "delete": {
                      "type": "string",
                      "description_kind": "plain",
                      "optional": true
                    }
                  },
                  "description_kind": "plain"
                }
              }
            },
            "description_kind": "plain"
          }
        },
        "mongodbatlas_privatelink_endpoint_serverless": {
          "version": 0,
          "block": {
            "attributes": {
              "endpoint_id": {
                "type": "string",
                "description_kind": "plain",
                "computed": true
              },
              "endpoint_service_name": {
                "type": "string",
                "description_kind": "plain",
                "computed": true
              },
              "id": {
                "type": "string",
                "description_kind": "plain",
                "optional": true,
                "computed": true
              },
              "instance_name": {
                "type": "string",
                "description_kind": "plain",
                "required": true
              },
              "private_link_service_resource_id": {
                "type": "string",
                "description_kind": "plain",
                "computed": true
              },
              "project_id": {
                "type": "string",
                "description_kind": "plain",
                "required": true
              },
              "provider_name": {
                "type": "string",
                "description_kind": "plain",
                "required": true
              },
              "status": {
                "type": "string",
                "description_kind": "plain",
                "computed": true
              }
            },
            "block_types": {
              "timeouts": {
                "nesting_mode": "single",
                "block": {
                  "attributes": {
                    "create": {
                      "type": "string",
                      "description_kind": "plain",
                      "optional": true
                    },
                    "delete": {
                      "type": "string",
                      "description_kind": "plain",
                      "optional": true
                    }
                  },
                  "description_kind": "plain"
                }
              }
            },
            "description_kind": "plain"
          }
        },
        "mongodbatlas_privatelink_endpoint_service": {
          "version": 0,
          "block": {
            "attributes": {
              "aws_connection_status": {
                "type": "string",
                "description_kind": "plain",
                "computed": true
              },
              "azure_status": {
                "type": "string",
                "description_kind": "plain",
                "computed": true
              },
              "delete_requested": {
                "type": "bool",
                "description_kind": "plain",
                "computed": true
              },
              "endpoint_group_name": {
                "type": "string",
                "description_kind": "plain",
                "computed": true
              },
              "endpoint_service_id": {
                "type": "string",
                "description_kind": "plain",
                "required": true
              },
              "error_message": {
                "type": "string",
                "description_kind": "plain",
                "computed": true
              },
              "gcp_project_id": {
                "type": "string",
                "description_kind": "plain",
                "optional": true
              },
              "gcp_status": {
                "type": "string",
                "description_kind": "plain",
                "computed": true
              },
              "id": {
                "type": "string",
                "description_kind": "plain",
                "optional": true,
                "computed": true
              },
              "interface_endpoint_id": {
                "type": "string",
                "description_kind": "plain",
                "computed": true
              },
              "private_endpoint_connection_name": {
                "type": "string",
                "description_kind": "plain",
                "computed": true
              },
              "private_endpoint_ip_address": {
                "type": "string",
                "description_kind": "plain",
                "optional": true,
                "computed": true
              },
              "private_endpoint_resource_id": {
                "type": "string",
                "description_kind": "plain",
                "computed": true
              },
              "private_link_id": {
                "type": "string",
                "description_kind": "plain",
                "required": true
              },
              "project_id": {
                "type": "string",
                "description_kind": "plain",
                "required": true
              },
              "provider_name": {
                "type": "string",
                "description_kind": "plain",
                "required": true
              }
            },
            "block_types": {
              "endpoints": {
                "nesting_mode": "list",
                "block": {
                  "attributes": {
                    "endpoint_name": {
                      "type": "string",
                      "description_kind": "plain",
                      "optional": true
                    },
                    "ip_address": {
                      "type": "string",
                      "description_kind": "plain",
                      "optional": true
                    },
                    "service_attachment_name": {
                      "type": "string",
                      "description_kind": "plain",
                      "computed": true
                    },
                    "status": {
                      "type": "string",
                      "description_kind": "plain",
                      "computed": true
                    }
                  },
                  "description_kind": "plain"
                }
              },
              "timeouts": {
                "nesting_mode": "single",
                "block": {
                  "attributes": {
                    "create": {
                      "type": "string",
                      "description_kind": "plain",
                      "optional": true
                    },
                    "delete": {
                      "type": "string",
                      "description_kind": "plain",
                      "optional": true
                    }
                  },
                  "description_kind": "plain"
                }
              }
            },
            "description_kind": "plain"
          }
        },
        "mongodbatlas_privatelink_endpoint_service_adl": {
          "version": 0,
          "block": {
            "attributes": {
              "comment": {
                "type": "string",
                "description_kind": "plain",
                "optional": true
              },
              "endpoint_id": {
                "type": "string",
                "description_kind": "plain",
                "required": true
              },
              "id": {
                "type": "string",
                "description_kind": "plain",
                "optional": true,
                "computed": true
              },
              "project_id": {
                "type": "string",
                "description_kind": "plain",
                "required": true
              },
              "provider_name": {
                "type": "string",
                "description_kind": "plain",
                "required": true
              },
              "type": {
                "type": "string",
                "description_kind": "plain",
                "required": true
              }
            },
            "description_kind": "plain"
          }
        },
        "mongodbatlas_privatelink_endpoint_service_serverless": {
          "version": 0,
          "block": {
            "attributes": {
              "cloud_provider_endpoint_id": {
                "type": "string",
                "description_kind": "plain",
                "optional": true,
                "computed": true
              },
              "comment": {
                "type": "string",
                "description_kind": "plain",
                "optional": true
              },
              "endpoint_id": {
                "type": "string",
                "description_kind": "plain",
                "required": true
              },
              "id": {
                "type": "string",
                "description_kind": "plain",
                "optional": true,
                "computed": true
              },
              "instance_name": {
                "type": "string",
                "description_kind": "plain",
                "required": true
              },
              "private_endpoint_ip_address": {
                "type": "string",
                "description_kind": "plain",
                "optional": true,
                "computed": true
              },
              "private_link_service_resource_id": {
                "type": "string",
                "description_kind": "plain",
                "computed": true
              },
              "project_id": {
                "type": "string",
                "description_kind": "plain",
                "required": true
              },
              "provider_name": {
                "type": "string",
                "description_kind": "plain",
                "required": true
              },
              "status": {
                "type": "string",
                "description_kind": "plain",
                "computed": true
              }
            },
            "block_types": {
              "timeouts": {
                "nesting_mode": "single",
                "block": {
                  "attributes": {
                    "create": {
                      "type": "string",
                      "description_kind": "plain",
                      "optional": true
                    },
                    "delete": {
                      "type": "string",
                      "description_kind": "plain",
                      "optional": true
                    }
                  },
                  "description_kind": "plain"
                }
              }
            },
            "description_kind": "plain"
          }
        },
        "mongodbatlas_project": {
          "version": 0,
          "block": {
            "attributes": {
              "cluster_count": {
                "type": "number",
                "description_kind": "plain",
                "computed": true
              },
              "created": {
                "type": "string",
                "description_kind": "plain",
                "computed": true
              },
              "id": {
                "type": "string",
                "description_kind": "plain",
                "optional": true,
                "computed": true
              },
              "is_collect_database_specifics_statistics_enabled": {
                "type": "bool",
                "description_kind": "plain",
                "optional": true,
                "computed": true
              },
              "is_data_explorer_enabled": {
                "type": "bool",
                "description_kind": "plain",
                "optional": true,
                "computed": true
              },
              "is_performance_advisor_enabled": {
                "type": "bool",
                "description_kind": "plain",
                "optional": true,
                "computed": true
              },
              "is_realtime_performance_panel_enabled": {
                "type": "bool",
                "description_kind": "plain",
                "optional": true,
                "computed": true
              },
              "is_schema_advisor_enabled": {
                "type": "bool",
                "description_kind": "plain",
                "optional": true,
                "computed": true
              },
              "name": {
                "type": "string",
                "description_kind": "plain",
                "required": true
              },
              "org_id": {
                "type": "string",
                "description_kind": "plain",
                "required": true
              },
              "project_owner_id": {
                "type": "string",
                "description_kind": "plain",
                "optional": true
              },
              "region_usage_restrictions": {
                "type": "string",
                "description_kind": "plain",
                "optional": true,
                "computed": true
              },
              "with_default_alerts_settings": {
                "type": "bool",
                "description_kind": "plain",
                "optional": true
              }
            },
            "block_types": {
              "api_keys": {
                "nesting_mode": "set",
                "block": {
                  "attributes": {
                    "api_key_id": {
                      "type": "string",
                      "description_kind": "plain",
                      "required": true
                    },
                    "role_names": {
                      "type": [
                        "set",
                        "string"
                      ],
                      "description_kind": "plain",
                      "required": true
                    }
                  },
                  "description_kind": "plain"
                }
              },
              "teams": {
                "nesting_mode": "set",
                "block": {
                  "attributes": {
                    "role_names": {
                      "type": [
                        "set",
                        "string"
                      ],
                      "description_kind": "plain",
                      "required": true
                    },
                    "team_id": {
                      "type": "string",
                      "description_kind": "plain",
                      "required": true
                    }
                  },
                  "description_kind": "plain"
                }
              }
            },
            "description_kind": "plain"
          }
        },
        "mongodbatlas_project_api_key": {
          "version": 0,
          "block": {
            "attributes": {
              "api_key_id": {
                "type": "string",
                "description_kind": "plain",
                "computed": true
              },
              "description": {
                "type": "string",
                "description_kind": "plain",
                "required": true
              },
              "id": {
                "type": "string",
                "description_kind": "plain",
                "optional": true,
                "computed": true
              },
              "private_key": {
                "type": "string",
                "description_kind": "plain",
                "computed": true,
                "sensitive": true
              },
              "project_id": {
                "type": "string",
                "description_kind": "plain",
                "required": true
              },
              "public_key": {
                "type": "string",
                "description_kind": "plain",
                "computed": true
              },
              "role_names": {
                "type": [
                  "set",
                  "string"
                ],
                "description_kind": "plain",
                "required": true
              }
            },
            "description_kind": "plain"
          }
        },
        "mongodbatlas_project_invitation": {
          "version": 0,
          "block": {
            "attributes": {
              "created_at": {
                "type": "string",
                "description_kind": "plain",
                "computed": true
              },
              "expires_at": {
                "type": "string",
                "description_kind": "plain",
                "computed": true
              },
              "id": {
                "type": "string",
                "description_kind": "plain",
                "optional": true,
                "computed": true
              },
              "invitation_id": {
                "type": "string",
                "description_kind": "plain",
                "computed": true
              },
              "inviter_username": {
                "type": "string",
                "description_kind": "plain",
                "computed": true
              },
              "project_id": {
                "type": "string",
                "description_kind": "plain",
                "required": true
              },
              "roles": {
                "type": [
                  "set",
                  "string"
                ],
                "description_kind": "plain",
                "required": true
              },
              "username": {
                "type": "string",
                "description_kind": "plain",
                "required": true
              }
            },
            "description_kind": "plain"
          }
        },
        "mongodbatlas_project_ip_access_list": {
          "version": 0,
          "block": {
            "attributes": {
              "aws_security_group": {
                "type": "string",
                "description_kind": "plain",
                "optional": true,
                "computed": true
              },
              "cidr_block": {
                "type": "string",
                "description_kind": "plain",
                "optional": true,
                "computed": true
              },
              "comment": {
                "type": "string",
                "description_kind": "plain",
                "optional": true,
                "computed": true
              },
              "id": {
                "type": "string",
                "description_kind": "plain",
                "optional": true,
                "computed": true
              },
              "ip_address": {
                "type": "string",
                "description_kind": "plain",
                "optional": true,
                "computed": true
              },
              "project_id": {
                "type": "string",
                "description_kind": "plain",
                "required": true
              }
            },
            "block_types": {
              "timeouts": {
                "nesting_mode": "single",
                "block": {
                  "attributes": {
                    "delete": {
                      "type": "string",
                      "description_kind": "plain",
                      "optional": true
                    },
                    "read": {
                      "type": "string",
                      "description_kind": "plain",
                      "optional": true
                    }
                  },
                  "description_kind": "plain"
                }
              }
            },
            "description_kind": "plain"
          }
        },
        "mongodbatlas_search_index": {
          "version": 0,
          "block": {
            "attributes": {
              "analyzer": {
                "type": "string",
                "description_kind": "plain",
                "required": true
              },
              "analyzers": {
                "type": "string",
                "description_kind": "plain",
                "optional": true
              },
              "cluster_name": {
                "type": "string",
                "description_kind": "plain",
                "required": true
              },
              "collection_name": {
                "type": "string",
                "description_kind": "plain",
                "required": true
              },
              "database": {
                "type": "string",
                "description_kind": "plain",
                "required": true
              },
              "id": {
                "type": "string",
                "description_kind": "plain",
                "optional": true,
                "computed": true
              },
              "index_id": {
                "type": "string",
                "description_kind": "plain",
                "computed": true
              },
              "mappings_dynamic": {
                "type": "bool",
                "description_kind": "plain",
                "optional": true
              },
              "mappings_fields": {
                "type": "string",
                "description_kind": "plain",
                "optional": true
              },
              "name": {
                "type": "string",
                "description_kind": "plain",
                "required": true
              },
              "project_id": {
                "type": "string",
                "description_kind": "plain",
                "required": true
              },
              "search_analyzer": {
                "type": "string",
                "description_kind": "plain",
                "optional": true
              },
              "status": {
                "type": "string",
                "description_kind": "plain",
                "optional": true,
                "computed": true
              },
              "wait_for_index_build_completion": {
                "type": "bool",
                "description_kind": "plain",
                "optional": true
              }
            },
            "block_types": {
              "synonyms": {
                "nesting_mode": "set",
                "block": {
                  "attributes": {
                    "analyzer": {
                      "type": "string",
                      "description_kind": "plain",
                      "required": true
                    },
                    "name": {
                      "type": "string",
                      "description_kind": "plain",
                      "required": true
                    },
                    "source_collection": {
                      "type": "string",
                      "description_kind": "plain",
                      "required": true
                    }
                  },
                  "description_kind": "plain"
                }
              },
              "timeouts": {
                "nesting_mode": "single",
                "block": {
                  "attributes": {
                    "create": {
                      "type": "string",
                      "description_kind": "plain",
                      "optional": true
                    },
                    "delete": {
                      "type": "string",
                      "description_kind": "plain",
                      "optional": true
                    },
                    "update": {
                      "type": "string",
                      "description_kind": "plain",
                      "optional": true
                    }
                  },
                  "description_kind": "plain"
                }
              }
            },
            "description_kind": "plain"
          }
        },
        "mongodbatlas_serverless_instance": {
          "version": 0,
          "block": {
            "attributes": {
              "connection_strings_private_endpoint_srv": {
                "type": [
                  "list",
                  "string"
                ],
                "description_kind": "plain",
                "computed": true
              },
              "connection_strings_standard_srv": {
                "type": "string",
                "description_kind": "plain",
                "computed": true
              },
              "continuous_backup_enabled": {
                "type": "bool",
                "description_kind": "plain",
                "optional": true,
                "computed": true
              },
              "create_date": {
                "type": "string",
                "description_kind": "plain",
                "computed": true
              },
              "id": {
                "type": "string",
                "description_kind": "plain",
                "optional": true,
                "computed": true
              },
              "mongo_db_version": {
                "type": "string",
                "description_kind": "plain",
                "computed": true
              },
              "name": {
                "type": "string",
                "description_kind": "plain",
                "required": true
              },
              "project_id": {
                "type": "string",
                "description_kind": "plain",
                "required": true
              },
              "provider_settings_backing_provider_name": {
                "type": "string",
                "description_kind": "plain",
                "required": true
              },
              "provider_settings_provider_name": {
                "type": "string",
                "description_kind": "plain",
                "required": true
              },
              "provider_settings_region_name": {
                "type": "string",
                "description_kind": "plain",
                "required": true
              },
              "state_name": {
                "type": "string",
                "description_kind": "plain",
                "optional": true,
                "computed": true
              },
              "termination_protection_enabled": {
                "type": "bool",
                "description_kind": "plain",
                "optional": true,
                "computed": true
              }
            },
            "block_types": {
              "links": {
                "nesting_mode": "set",
                "block": {
                  "attributes": {
                    "href": {
                      "type": "string",
                      "description_kind": "plain",
                      "computed": true
                    },
                    "rel": {
                      "type": "string",
                      "description_kind": "plain",
                      "computed": true
                    }
                  },
                  "description_kind": "plain"
                }
              }
            },
            "description_kind": "plain"
          }
        },
        "mongodbatlas_team": {
          "version": 0,
          "block": {
            "attributes": {
              "id": {
                "type": "string",
                "description_kind": "plain",
                "optional": true,
                "computed": true
              },
              "name": {
                "type": "string",
                "description_kind": "plain",
                "required": true
              },
              "org_id": {
                "type": "string",
                "description_kind": "plain",
                "required": true
              },
              "team_id": {
                "type": "string",
                "description_kind": "plain",
                "computed": true
              },
              "usernames": {
                "type": [
                  "set",
                  "string"
                ],
                "description_kind": "plain",
                "required": true
              }
            },
            "description_kind": "plain"
          }
        },
        "mongodbatlas_teams": {
          "version": 0,
          "block": {
            "attributes": {
              "id": {
                "type": "string",
                "description_kind": "plain",
                "optional": true,
                "computed": true
              },
              "name": {
                "type": "string",
                "description_kind": "plain",
                "required": true
              },
              "org_id": {
                "type": "string",
                "description_kind": "plain",
                "required": true
              },
              "team_id": {
                "type": "string",
                "description_kind": "plain",
                "computed": true
              },
              "usernames": {
                "type": [
                  "set",
                  "string"
                ],
                "description_kind": "plain",
                "required": true
              }
            },
            "description_kind": "plain"
          }
        },
        "mongodbatlas_third_party_integration": {
          "version": 0,
          "block": {
            "attributes": {
              "account_id": {
                "type": "string",
                "description_kind": "plain",
                "optional": true
              },
              "api_key": {
                "type": "string",
                "description_kind": "plain",
                "optional": true,
                "sensitive": true
              },
              "api_token": {
                "type": "string",
                "description_kind": "plain",
                "optional": true,
                "sensitive": true
              },
              "channel_name": {
                "type": "string",
                "description_kind": "plain",
                "optional": true
              },
              "enabled": {
                "type": "bool",
                "description_kind": "plain",
                "optional": true
              },
              "flow_name": {
                "type": "string",
                "description_kind": "plain",
                "optional": true
              },
              "id": {
                "type": "string",
                "description_kind": "plain",
                "optional": true,
                "computed": true
              },
              "license_key": {
                "type": "string",
                "description_kind": "plain",
                "optional": true,
                "sensitive": true
              },
              "microsoft_teams_webhook_url": {
                "type": "string",
                "description_kind": "plain",
                "optional": true,
                "sensitive": true
              },
              "org_name": {
                "type": "string",
                "description_kind": "plain",
                "optional": true
              },
              "password": {
                "type": "string",
                "description_kind": "plain",
                "optional": true,
                "sensitive": true
              },
              "project_id": {
                "type": "string",
                "description_kind": "plain",
                "required": true
              },
              "read_token": {
                "type": "string",
                "description_kind": "plain",
                "optional": true,
                "sensitive": true
              },
              "region": {
                "type": "string",
                "description_kind": "plain",
                "optional": true
              },
              "routing_key": {
                "type": "string",
                "description_kind": "plain",
                "optional": true,
                "sensitive": true
              },
              "scheme": {
                "type": "string",
                "description_kind": "plain",
                "optional": true
              },
              "secret": {
                "type": "string",
                "description_kind": "plain",
                "optional": true,
                "sensitive": true
              },
              "service_discovery": {
                "type": "string",
                "description_kind": "plain",
                "optional": true,
                "sensitive": true
              },
              "service_key": {
                "type": "string",
                "description_kind": "plain",
                "optional": true,
                "sensitive": true
              },
              "team_name": {
                "type": "string",
                "description_kind": "plain",
                "optional": true
              },
              "type": {
                "type": "string",
                "description_kind": "plain",
                "required": true
              },
              "url": {
                "type": "string",
                "description_kind": "plain",
                "optional": true
              },
              "user_name": {
                "type": "string",
                "description_kind": "plain",
                "optional": true,
                "sensitive": true
              },
              "write_token": {
                "type": "string",
                "description_kind": "plain",
                "optional": true,
                "sensitive": true
              }
            },
            "description_kind": "plain"
          }
        },
        "mongodbatlas_x509_authentication_database_user": {
          "version": 0,
          "block": {
            "attributes": {
              "certificates": {
                "type": [
                  "list",
                  [
                    "object",
                    {
                      "created_at": "string",
                      "group_id": "string",
                      "id": "number",
                      "not_after": "string",
                      "subject": "string"
                    }
                  ]
                ],
                "description_kind": "plain",
                "computed": true
              },
              "current_certificate": {
                "type": "string",
                "description_kind": "plain",
                "computed": true,
                "sensitive": true
              },
              "customer_x509_cas": {
                "type": "string",
                "description_kind": "plain",
                "optional": true,
                "sensitive": true
              },
              "id": {
                "type": "string",
                "description_kind": "plain",
                "optional": true,
                "computed": true
              },
              "months_until_expiration": {
                "type": "number",
                "description_kind": "plain",
                "optional": true
              },
              "project_id": {
                "type": "string",
                "description_kind": "plain",
                "required": true
              },
              "username": {
                "type": "string",
                "description_kind": "plain",
                "optional": true
              }
            },
            "description_kind": "plain"
          }
        }
      },
      "data_source_schemas": {
        "mongodbatlas_access_list_api_key": {
          "version": 0,
          "block": {
            "attributes": {
              "access_count": {
                "type": "number",
                "description_kind": "plain",
                "computed": true
              },
              "api_key_id": {
                "type": "string",
                "description_kind": "plain",
                "required": true
              },
              "cidr_block": {
                "type": "string",
                "description_kind": "plain",
                "computed": true
              },
              "created": {
                "type": "string",
                "description_kind": "plain",
                "computed": true
              },
              "id": {
                "type": "string",
                "description_kind": "plain",
                "optional": true,
                "computed": true
              },
              "ip_address": {
                "type": "string",
                "description_kind": "plain",
                "required": true
              },
              "last_used": {
                "type": "string",
                "description_kind": "plain",
                "computed": true
              },
              "last_used_address": {
                "type": "string",
                "description_kind": "plain",
                "computed": true
              },
              "org_id": {
                "type": "string",
                "description_kind": "plain",
                "required": true
              }
            },
            "description_kind": "plain"
          }
        },
        "mongodbatlas_access_list_api_keys": {
          "version": 0,
          "block": {
            "attributes": {
              "api_key_id": {
                "type": "string",
                "description_kind": "plain",
                "required": true
              },
              "id": {
                "type": "string",
                "description_kind": "plain",
                "optional": true,
                "computed": true
              },
              "items_per_page": {
                "type": "number",
                "description_kind": "plain",
                "optional": true
              },
              "org_id": {
                "type": "string",
                "description_kind": "plain",
                "required": true
              },
              "page_num": {
                "type": "number",
                "description_kind": "plain",
                "optional": true
              },
              "results": {
                "type": [
                  "list",
                  [
                    "object",
                    {
                      "access_count": "number",
                      "cidr_block": "string",
                      "created": "string",
                      "ip_address": "string",
                      "last_used": "string",
                      "last_used_address": "string"
                    }
                  ]
                ],
                "description_kind": "plain",
                "computed": true
              }
            },
            "description_kind": "plain"
          }
        },
        "mongodbatlas_advanced_cluster": {
          "version": 1,
          "block": {
            "attributes": {
              "advanced_configuration": {
                "type": [
                  "list",
                  [
                    "object",
                    {
                      "default_read_concern": "string",
                      "default_write_concern": "string",
                      "fail_index_key_too_long": "bool",
                      "javascript_enabled": "bool",
                      "minimum_enabled_tls_protocol": "string",
                      "no_table_scan": "bool",
                      "oplog_min_retention_hours": "number",
                      "oplog_size_mb": "number",
                      "sample_refresh_interval_bi_connector": "number",
                      "sample_size_bi_connector": "number"
                    }
                  ]
                ],
                "description_kind": "plain",
                "computed": true
              },
              "backup_enabled": {
                "type": "bool",
                "description_kind": "plain",
                "computed": true
              },
              "bi_connector_config": {
                "type": [
                  "list",
                  [
                    "object",
                    {
                      "enabled": "bool",
                      "read_preference": "string"
                    }
                  ]
                ],
                "description_kind": "plain",
                "computed": true
              },
              "cluster_type": {
                "type": "string",
                "description_kind": "plain",
                "computed": true
              },
              "connection_strings": {
                "type": [
                  "list",
                  [
                    "object",
                    {
                      "aws_private_link": [
                        "map",
                        "string"
                      ],
                      "aws_private_link_srv": [
                        "map",
                        "string"
                      ],
                      "private": "string",
                      "private_endpoint": [
                        "list",
                        [
                          "object",
                          {
                            "connection_string": "string",
                            "endpoints": [
                              "list",
                              [
                                "object",
                                {
                                  "endpoint_id": "string",
                                  "provider_name": "string",
                                  "region": "string"
                                }
                              ]
                            ],
                            "srv_connection_string": "string",
                            "type": "string"
                          }
                        ]
                      ],
                      "private_srv": "string",
                      "standard": "string",
                      "standard_srv": "string"
                    }
                  ]
                ],
                "description_kind": "plain",
                "computed": true
              },
              "create_date": {
                "type": "string",
                "description_kind": "plain",
                "computed": true
              },
              "disk_size_gb": {
                "type": "number",
                "description_kind": "plain",
                "computed": true
              },
              "encryption_at_rest_provider": {
                "type": "string",
                "description_kind": "plain",
                "computed": true
              },
              "id": {
                "type": "string",
                "description_kind": "plain",
                "optional": true,
                "computed": true
              },
              "labels": {
                "type": [
                  "set",
                  [
                    "object",
                    {
                      "key": "string",
                      "value": "string"
                    }
                  ]
                ],
                "description_kind": "plain",
                "computed": true
              },
              "mongo_db_major_version": {
                "type": "string",
                "description_kind": "plain",
                "computed": true
              },
              "mongo_db_version": {
                "type": "string",
                "description_kind": "plain",
                "computed": true
              },
              "name": {
                "type": "string",
                "description_kind": "plain",
                "required": true
              },
              "paused": {
                "type": "bool",
                "description_kind": "plain",
                "computed": true
              },
              "pit_enabled": {
                "type": "bool",
                "description_kind": "plain",
                "optional": true,
                "computed": true
              },
              "project_id": {
                "type": "string",
                "description_kind": "plain",
                "required": true
              },
              "replication_specs": {
                "type": [
                  "set",
                  [
                    "object",
                    {
                      "container_id": [
                        "map",
                        "string"
                      ],
                      "id": "string",
                      "num_shards": "number",
                      "region_configs": [
                        "set",
                        [
                          "object",
                          {
                            "analytics_auto_scaling": [
                              "list",
                              [
                                "object",
                                {
                                  "compute_enabled": "bool",
                                  "compute_max_instance_size": "string",
                                  "compute_min_instance_size": "string",
                                  "compute_scale_down_enabled": "bool",
                                  "disk_gb_enabled": "bool"
                                }
                              ]
                            ],
                            "analytics_specs": [
                              "list",
                              [
                                "object",
                                {
                                  "disk_iops": "number",
                                  "ebs_volume_type": "string",
                                  "instance_size": "string",
                                  "node_count": "number"
                                }
                              ]
                            ],
                            "auto_scaling": [
                              "list",
                              [
                                "object",
                                {
                                  "compute_enabled": "bool",
                                  "compute_max_instance_size": "string",
                                  "compute_min_instance_size": "string",
                                  "compute_scale_down_enabled": "bool",
                                  "disk_gb_enabled": "bool"
                                }
                              ]
                            ],
                            "backing_provider_name": "string",
                            "electable_specs": [
                              "list",
                              [
                                "object",
                                {
                                  "disk_iops": "number",
                                  "ebs_volume_type": "string",
                                  "instance_size": "string",
                                  "node_count": "number"
                                }
                              ]
                            ],
                            "priority": "number",
                            "provider_name": "string",
                            "read_only_specs": [
                              "list",
                              [
                                "object",
                                {
                                  "disk_iops": "number",
                                  "ebs_volume_type": "string",
                                  "instance_size": "string",
                                  "node_count": "number"
                                }
                              ]
                            ],
                            "region_name": "string"
                          }
                        ]
                      ],
                      "zone_name": "string"
                    }
                  ]
                ],
                "description_kind": "plain",
                "computed": true
              },
              "root_cert_type": {
                "type": "string",
                "description_kind": "plain",
                "computed": true
              },
              "state_name": {
                "type": "string",
                "description_kind": "plain",
                "computed": true
              },
              "termination_protection_enabled": {
                "type": "bool",
                "description_kind": "plain",
                "computed": true
              },
              "version_release_system": {
                "type": "string",
                "description_kind": "plain",
                "computed": true
              }
            },
            "description_kind": "plain"
          }
        },
        "mongodbatlas_advanced_clusters": {
          "version": 0,
          "block": {
            "attributes": {
              "id": {
                "type": "string",
                "description_kind": "plain",
                "optional": true,
                "computed": true
              },
              "project_id": {
                "type": "string",
                "description_kind": "plain",
                "required": true
              },
              "results": {
                "type": [
                  "list",
                  [
                    "object",
                    {
                      "advanced_configuration": [
                        "list",
                        [
                          "object",
                          {
                            "default_read_concern": "string",
                            "default_write_concern": "string",
                            "fail_index_key_too_long": "bool",
                            "javascript_enabled": "bool",
                            "minimum_enabled_tls_protocol": "string",
                            "no_table_scan": "bool",
                            "oplog_min_retention_hours": "number",
                            "oplog_size_mb": "number",
                            "sample_refresh_interval_bi_connector": "number",
                            "sample_size_bi_connector": "number"
                          }
                        ]
                      ],
                      "backup_enabled": "bool",
                      "bi_connector_config": [
                        "list",
                        [
                          "object",
                          {
                            "enabled": "bool",
                            "read_preference": "string"
                          }
                        ]
                      ],
                      "cluster_type": "string",
                      "connection_strings": [
                        "list",
                        [
                          "object",
                          {
                            "aws_private_link": [
                              "map",
                              "string"
                            ],
                            "aws_private_link_srv": [
                              "map",
                              "string"
                            ],
                            "private": "string",
                            "private_endpoint": [
                              "list",
                              [
                                "object",
                                {
                                  "connection_string": "string",
                                  "endpoints": [
                                    "list",
                                    [
                                      "object",
                                      {
                                        "endpoint_id": "string",
                                        "provider_name": "string",
                                        "region": "string"
                                      }
                                    ]
                                  ],
                                  "srv_connection_string": "string",
                                  "type": "string"
                                }
                              ]
                            ],
                            "private_srv": "string",
                            "standard": "string",
                            "standard_srv": "string"
                          }
                        ]
                      ],
                      "create_date": "string",
                      "disk_size_gb": "number",
                      "encryption_at_rest_provider": "string",
                      "labels": [
                        "set",
                        [
                          "object",
                          {
                            "key": "string",
                            "value": "string"
                          }
                        ]
                      ],
                      "mongo_db_major_version": "string",
                      "mongo_db_version": "string",
                      "name": "string",
                      "paused": "bool",
                      "pit_enabled": "bool",
                      "replication_specs": [
                        "set",
                        [
                          "object",
                          {
                            "container_id": [
                              "map",
                              "string"
                            ],
                            "id": "string",
                            "num_shards": "number",
                            "region_configs": [
                              "set",
                              [
                                "object",
                                {
                                  "analytics_auto_scaling": [
                                    "list",
                                    [
                                      "object",
                                      {
                                        "compute_enabled": "bool",
                                        "compute_max_instance_size": "string",
                                        "compute_min_instance_size": "string",
                                        "compute_scale_down_enabled": "bool",
                                        "disk_gb_enabled": "bool"
                                      }
                                    ]
                                  ],
                                  "analytics_specs": [
                                    "list",
                                    [
                                      "object",
                                      {
                                        "disk_iops": "number",
                                        "ebs_volume_type": "string",
                                        "instance_size": "string",
                                        "node_count": "number"
                                      }
                                    ]
                                  ],
                                  "auto_scaling": [
                                    "list",
                                    [
                                      "object",
                                      {
                                        "compute_enabled": "bool",
                                        "compute_max_instance_size": "string",
                                        "compute_min_instance_size": "string",
                                        "compute_scale_down_enabled": "bool",
                                        "disk_gb_enabled": "bool"
                                      }
                                    ]
                                  ],
                                  "backing_provider_name": "string",
                                  "electable_specs": [
                                    "list",
                                    [
                                      "object",
                                      {
                                        "disk_iops": "number",
                                        "ebs_volume_type": "string",
                                        "instance_size": "string",
                                        "node_count": "number"
                                      }
                                    ]
                                  ],
                                  "priority": "number",
                                  "provider_name": "string",
                                  "read_only_specs": [
                                    "list",
                                    [
                                      "object",
                                      {
                                        "disk_iops": "number",
                                        "ebs_volume_type": "string",
                                        "instance_size": "string",
                                        "node_count": "number"
                                      }
                                    ]
                                  ],
                                  "region_name": "string"
                                }
                              ]
                            ],
                            "zone_name": "string"
                          }
                        ]
                      ],
                      "root_cert_type": "string",
                      "state_name": "string",
                      "termination_protection_enabled": "bool",
                      "version_release_system": "string"
                    }
                  ]
                ],
                "description_kind": "plain",
                "computed": true
              }
            },
            "description_kind": "plain"
          }
        },
        "mongodbatlas_alert_configuration": {
          "version": 0,
          "block": {
            "attributes": {
              "alert_configuration_id": {
                "type": "string",
                "description_kind": "plain",
                "required": true
              },
              "created": {
                "type": "string",
                "description_kind": "plain",
                "computed": true
              },
              "enabled": {
                "type": "bool",
                "description_kind": "plain",
                "computed": true
              },
              "event_type": {
                "type": "string",
                "description_kind": "plain",
                "computed": true
              },
              "id": {
                "type": "string",
                "description_kind": "plain",
                "optional": true,
                "computed": true
              },
              "matcher": {
                "type": [
                  "list",
                  [
                    "object",
                    {
                      "field_name": "string",
                      "operator": "string",
                      "value": "string"
                    }
                  ]
                ],
                "description_kind": "plain",
                "computed": true
              },
              "metric_threshold": {
                "type": [
                  "map",
                  "string"
                ],
                "description_kind": "plain",
                "computed": true
              },
              "metric_threshold_config": {
                "type": [
                  "list",
                  [
                    "object",
                    {
                      "metric_name": "string",
                      "mode": "string",
                      "operator": "string",
                      "threshold": "number",
                      "units": "string"
                    }
                  ]
                ],
                "description_kind": "plain",
                "computed": true
              },
              "notification": {
                "type": [
                  "list",
                  [
                    "object",
                    {
                      "api_token": "string",
                      "channel_name": "string",
                      "datadog_api_key": "string",
                      "datadog_region": "string",
                      "delay_min": "number",
                      "email_address": "string",
                      "email_enabled": "bool",
                      "flow_name": "string",
                      "flowdock_api_token": "string",
                      "interval_min": "number",
                      "microsoft_teams_webhook_url": "string",
                      "mobile_number": "string",
                      "ops_genie_api_key": "string",
                      "ops_genie_region": "string",
                      "org_name": "string",
                      "roles": [
                        "list",
                        "string"
                      ],
                      "service_key": "string",
                      "sms_enabled": "bool",
                      "team_id": "string",
                      "team_name": "string",
                      "type_name": "string",
                      "username": "string",
                      "victor_ops_api_key": "string",
                      "victor_ops_routing_key": "string",
                      "webhook_secret": "string",
                      "webhook_url": "string"
                    }
                  ]
                ],
                "description_kind": "plain",
                "computed": true
              },
              "project_id": {
                "type": "string",
                "description_kind": "plain",
                "required": true
              },
              "threshold": {
                "type": [
                  "map",
                  "string"
                ],
                "description_kind": "plain",
                "computed": true
              },
              "threshold_config": {
                "type": [
                  "list",
                  [
                    "object",
                    {
                      "operator": "string",
                      "threshold": "number",
                      "units": "string"
                    }
                  ]
                ],
                "description_kind": "plain",
                "computed": true
              },
              "updated": {
                "type": "string",
                "description_kind": "plain",
                "computed": true
              }
            },
            "block_types": {
              "output": {
                "nesting_mode": "list",
                "block": {
                  "attributes": {
                    "label": {
                      "type": "string",
                      "description_kind": "plain",
                      "optional": true
                    },
                    "type": {
                      "type": "string",
                      "description_kind": "plain",
                      "required": true
                    },
                    "value": {
                      "type": "string",
                      "description_kind": "plain",
                      "computed": true
                    }
                  },
                  "description_kind": "plain"
                }
              }
            },
            "description_kind": "plain"
          }
        },
        "mongodbatlas_alert_configurations": {
          "version": 0,
          "block": {
            "attributes": {
              "id": {
                "type": "string",
                "description_kind": "plain",
                "optional": true,
                "computed": true
              },
              "output_type": {
                "type": [
                  "list",
                  "string"
                ],
                "description_kind": "plain",
                "optional": true
              },
              "project_id": {
                "type": "string",
                "description_kind": "plain",
                "required": true
              },
              "results": {
                "type": [
                  "list",
                  [
                    "object",
                    {
                      "alert_configuration_id": "string",
                      "created": "string",
                      "enabled": "bool",
                      "event_type": "string",
                      "matcher": [
                        "list",
                        [
                          "object",
                          {
                            "field_name": "string",
                            "operator": "string",
                            "value": "string"
                          }
                        ]
                      ],
                      "metric_threshold": [
                        "map",
                        "string"
                      ],
                      "metric_threshold_config": [
                        "list",
                        [
                          "object",
                          {
                            "metric_name": "string",
                            "mode": "string",
                            "operator": "string",
                            "threshold": "number",
                            "units": "string"
                          }
                        ]
                      ],
                      "notification": [
                        "list",
                        [
                          "object",
                          {
                            "api_token": "string",
                            "channel_name": "string",
                            "datadog_api_key": "string",
                            "datadog_region": "string",
                            "delay_min": "number",
                            "email_address": "string",
                            "email_enabled": "bool",
                            "flow_name": "string",
                            "flowdock_api_token": "string",
                            "interval_min": "number",
                            "microsoft_teams_webhook_url": "string",
                            "mobile_number": "string",
                            "ops_genie_api_key": "string",
                            "ops_genie_region": "string",
                            "org_name": "string",
                            "roles": [
                              "list",
                              "string"
                            ],
                            "service_key": "string",
                            "sms_enabled": "bool",
                            "team_id": "string",
                            "team_name": "string",
                            "type_name": "string",
                            "username": "string",
                            "victor_ops_api_key": "string",
                            "victor_ops_routing_key": "string",
                            "webhook_secret": "string",
                            "webhook_url": "string"
                          }
                        ]
                      ],
                      "output": [
                        "list",
                        [
                          "object",
                          {
                            "label": "string",
                            "type": "string",
                            "value": "string"
                          }
                        ]
                      ],
                      "project_id": "string",
                      "threshold": [
                        "map",
                        "string"
                      ],
                      "threshold_config": [
                        "list",
                        [
                          "object",
                          {
                            "operator": "string",
                            "threshold": "number",
                            "units": "string"
                          }
                        ]
                      ],
                      "updated": "string"
                    }
                  ]
                ],
                "description_kind": "plain",
                "computed": true
              },
              "total_count": {
                "type": "number",
                "description_kind": "plain",
                "computed": true
              }
            },
            "block_types": {
              "list_options": {
                "nesting_mode": "list",
                "block": {
                  "attributes": {
                    "include_count": {
                      "type": "bool",
                      "description_kind": "plain",
                      "optional": true
                    },
                    "items_per_page": {
                      "type": "number",
                      "description_kind": "plain",
                      "optional": true
                    },
                    "page_num": {
                      "type": "number",
                      "description_kind": "plain",
                      "optional": true
                    }
                  },
                  "description_kind": "plain"
                }
              }
            },
            "description_kind": "plain"
          }
        },
        "mongodbatlas_api_key": {
          "version": 0,
          "block": {
            "attributes": {
              "api_key_id": {
                "type": "string",
                "description_kind": "plain",
                "required": true
              },
              "description": {
                "type": "string",
                "description_kind": "plain",
                "computed": true
              },
              "id": {
                "type": "string",
                "description_kind": "plain",
                "optional": true,
                "computed": true
              },
              "org_id": {
                "type": "string",
                "description_kind": "plain",
                "required": true
              },
              "public_key": {
                "type": "string",
                "description_kind": "plain",
                "computed": true
              },
              "role_names": {
                "type": [
                  "set",
                  "string"
                ],
                "description_kind": "plain",
                "computed": true
              }
            },
            "description_kind": "plain"
          }
        },
        "mongodbatlas_api_keys": {
          "version": 0,
          "block": {
            "attributes": {
              "id": {
                "type": "string",
                "description_kind": "plain",
                "optional": true,
                "computed": true
              },
              "items_per_page": {
                "type": "number",
                "description_kind": "plain",
                "optional": true
              },
              "org_id": {
                "type": "string",
                "description_kind": "plain",
                "required": true
              },
              "page_num": {
                "type": "number",
                "description_kind": "plain",
                "optional": true
              },
              "results": {
                "type": [
                  "list",
                  [
                    "object",
                    {
                      "api_key_id": "string",
                      "description": "string",
                      "public_key": "string",
                      "role_names": [
                        "set",
                        "string"
                      ]
                    }
                  ]
                ],
                "description_kind": "plain",
                "computed": true
              }
            },
            "description_kind": "plain"
          }
        },
        "mongodbatlas_auditing": {
          "version": 0,
          "block": {
            "attributes": {
              "audit_authorization_success": {
                "type": "bool",
                "description_kind": "plain",
                "computed": true
              },
              "audit_filter": {
                "type": "string",
                "description_kind": "plain",
                "computed": true
              },
              "configuration_type": {
                "type": "string",
                "description_kind": "plain",
                "computed": true
              },
              "enabled": {
                "type": "bool",
                "description_kind": "plain",
                "computed": true
              },
              "id": {
                "type": "string",
                "description_kind": "plain",
                "optional": true,
                "computed": true
              },
              "project_id": {
                "type": "string",
                "description_kind": "plain",
                "required": true
              }
            },
            "description_kind": "plain"
          }
        },
        "mongodbatlas_backup_compliance_policy": {
          "version": 0,
          "block": {
            "attributes": {
              "authorized_email": {
                "type": "string",
                "description_kind": "plain",
                "computed": true
              },
              "copy_protection_enabled": {
                "type": "bool",
                "description_kind": "plain",
                "computed": true
              },
              "encryption_at_rest_enabled": {
                "type": "bool",
                "description_kind": "plain",
                "computed": true
              },
              "id": {
                "type": "string",
                "description_kind": "plain",
                "optional": true,
                "computed": true
              },
              "pit_enabled": {
                "type": "bool",
                "description_kind": "plain",
                "computed": true
              },
              "project_id": {
                "type": "string",
                "description_kind": "plain",
                "required": true
              },
              "restore_window_days": {
                "type": "number",
                "description_kind": "plain",
                "computed": true
              },
              "state": {
                "type": "string",
                "description_kind": "plain",
                "computed": true
              },
              "updated_date": {
                "type": "string",
                "description_kind": "plain",
                "computed": true
              },
              "updated_user": {
                "type": "string",
                "description_kind": "plain",
                "computed": true
              }
            },
            "block_types": {
              "on_demand_policy_item": {
                "nesting_mode": "list",
                "block": {
                  "attributes": {
                    "frequency_interval": {
                      "type": "number",
                      "description_kind": "plain",
                      "computed": true
                    },
                    "frequency_type": {
                      "type": "string",
                      "description_kind": "plain",
                      "computed": true
                    },
                    "id": {
                      "type": "string",
                      "description_kind": "plain",
                      "computed": true
                    },
                    "retention_unit": {
                      "type": "string",
                      "description_kind": "plain",
                      "computed": true
                    },
                    "retention_value": {
                      "type": "number",
                      "description_kind": "plain",
                      "computed": true
                    }
                  },
                  "description_kind": "plain"
                },
                "max_items": 1
              },
              "policy_item_daily": {
                "nesting_mode": "list",
                "block": {
                  "attributes": {
                    "frequency_interval": {
                      "type": "number",
                      "description_kind": "plain",
                      "required": true
                    },
                    "frequency_type": {
                      "type": "string",
                      "description_kind": "plain",
                      "computed": true
                    },
                    "id": {
                      "type": "string",
                      "description_kind": "plain",
                      "computed": true
                    },
                    "retention_unit": {
                      "type": "string",
                      "description_kind": "plain",
                      "required": true
                    },
                    "retention_value": {
                      "type": "number",
                      "description_kind": "plain",
                      "required": true
                    }
                  },
                  "description_kind": "plain"
                },
                "max_items": 1
              },
              "policy_item_hourly": {
                "nesting_mode": "list",
                "block": {
                  "attributes": {
                    "frequency_interval": {
                      "type": "number",
                      "description_kind": "plain",
                      "required": true
                    },
                    "frequency_type": {
                      "type": "string",
                      "description_kind": "plain",
                      "computed": true
                    },
                    "id": {
                      "type": "string",
                      "description_kind": "plain",
                      "computed": true
                    },
                    "retention_unit": {
                      "type": "string",
                      "description_kind": "plain",
                      "required": true
                    },
                    "retention_value": {
                      "type": "number",
                      "description_kind": "plain",
                      "required": true
                    }
                  },
                  "description_kind": "plain"
                },
                "max_items": 1
              },
              "policy_item_monthly": {
                "nesting_mode": "list",
                "block": {
                  "attributes": {
                    "frequency_interval": {
                      "type": "number",
                      "description_kind": "plain",
                      "required": true
                    },
                    "frequency_type": {
                      "type": "string",
                      "description_kind": "plain",
                      "computed": true
                    },
                    "id": {
                      "type": "string",
                      "description_kind": "plain",
                      "computed": true
                    },
                    "retention_unit": {
                      "type": "string",
                      "description_kind": "plain",
                      "required": true
                    },
                    "retention_value": {
                      "type": "number",
                      "description_kind": "plain",
                      "required": true
                    }
                  },
                  "description_kind": "plain"
                }
              },
              "policy_item_weekly": {
                "nesting_mode": "list",
                "block": {
                  "attributes": {
                    "frequency_interval": {
                      "type": "number",
                      "description_kind": "plain",
                      "required": true
                    },
                    "frequency_type": {
                      "type": "string",
                      "description_kind": "plain",
                      "computed": true
                    },
                    "id": {
                      "type": "string",
                      "description_kind": "plain",
                      "computed": true
                    },
                    "retention_unit": {
                      "type": "string",
                      "description_kind": "plain",
                      "required": true
                    },
                    "retention_value": {
                      "type": "number",
                      "description_kind": "plain",
                      "required": true
                    }
                  },
                  "description_kind": "plain"
                }
              }
            },
            "description_kind": "plain"
          }
        },
        "mongodbatlas_cloud_backup_schedule": {
          "version": 0,
          "block": {
            "attributes": {
              "auto_export_enabled": {
                "type": "bool",
                "description_kind": "plain",
                "computed": true
              },
              "cluster_id": {
                "type": "string",
                "description_kind": "plain",
                "computed": true
              },
              "cluster_name": {
                "type": "string",
                "description_kind": "plain",
                "required": true
              },
              "copy_settings": {
                "type": [
                  "list",
                  [
                    "object",
                    {
                      "cloud_provider": "string",
                      "frequencies": [
                        "set",
                        "string"
                      ],
                      "region_name": "string",
                      "replication_spec_id": "string",
                      "should_copy_oplogs": "bool"
                    }
                  ]
                ],
                "description_kind": "plain",
                "computed": true
              },
              "export": {
                "type": [
                  "list",
                  [
                    "object",
                    {
                      "export_bucket_id": "string",
                      "frequency_type": "string"
                    }
                  ]
                ],
                "description_kind": "plain",
                "computed": true
              },
              "id": {
                "type": "string",
                "description_kind": "plain",
                "optional": true,
                "computed": true
              },
              "id_policy": {
                "type": "string",
                "description_kind": "plain",
                "computed": true
              },
              "next_snapshot": {
                "type": "string",
                "description_kind": "plain",
                "computed": true
              },
              "policy_item_daily": {
                "type": [
                  "list",
                  [
                    "object",
                    {
                      "frequency_interval": "number",
                      "frequency_type": "string",
                      "id": "string",
                      "retention_unit": "string",
                      "retention_value": "number"
                    }
                  ]
                ],
                "description_kind": "plain",
                "computed": true
              },
              "policy_item_hourly": {
                "type": [
                  "list",
                  [
                    "object",
                    {
                      "frequency_interval": "number",
                      "frequency_type": "string",
                      "id": "string",
                      "retention_unit": "string",
                      "retention_value": "number"
                    }
                  ]
                ],
                "description_kind": "plain",
                "computed": true
              },
              "policy_item_monthly": {
                "type": [
                  "list",
                  [
                    "object",
                    {
                      "frequency_interval": "number",
                      "frequency_type": "string",
                      "id": "string",
                      "retention_unit": "string",
                      "retention_value": "number"
                    }
                  ]
                ],
                "description_kind": "plain",
                "computed": true
              },
              "policy_item_weekly": {
                "type": [
                  "list",
                  [
                    "object",
                    {
                      "frequency_interval": "number",
                      "frequency_type": "string",
                      "id": "string",
                      "retention_unit": "string",
                      "retention_value": "number"
                    }
                  ]
                ],
                "description_kind": "plain",
                "computed": true
              },
              "project_id": {
                "type": "string",
                "description_kind": "plain",
                "required": true
              },
              "reference_hour_of_day": {
                "type": "number",
                "description_kind": "plain",
                "computed": true
              },
              "reference_minute_of_hour": {
                "type": "number",
                "description_kind": "plain",
                "computed": true
              },
              "restore_window_days": {
                "type": "number",
                "description_kind": "plain",
                "computed": true
              },
              "use_org_and_group_names_in_export_prefix": {
                "type": "bool",
                "description_kind": "plain",
                "computed": true
              }
            },
            "description_kind": "plain"
          }
        },
        "mongodbatlas_cloud_backup_snapshot": {
          "version": 0,
          "block": {
            "attributes": {
              "cloud_provider": {
                "type": "string",
                "description_kind": "plain",
                "computed": true
              },
              "cluster_name": {
                "type": "string",
                "description_kind": "plain",
                "required": true
              },
              "created_at": {
                "type": "string",
                "description_kind": "plain",
                "computed": true
              },
              "description": {
                "type": "string",
                "description_kind": "plain",
                "computed": true
              },
              "expires_at": {
                "type": "string",
                "description_kind": "plain",
                "computed": true
              },
              "id": {
                "type": "string",
                "description_kind": "plain",
                "optional": true,
                "computed": true
              },
              "master_key_uuid": {
                "type": "string",
                "description_kind": "plain",
                "computed": true
              },
              "members": {
                "type": [
                  "list",
                  [
                    "object",
                    {
                      "cloud_provider": "string",
                      "id": "string",
                      "replica_set_name": "string"
                    }
                  ]
                ],
                "description_kind": "plain",
                "computed": true
              },
              "mongod_version": {
                "type": "string",
                "description_kind": "plain",
                "computed": true
              },
              "project_id": {
                "type": "string",
                "description_kind": "plain",
                "required": true
              },
              "replica_set_name": {
                "type": "string",
                "description_kind": "plain",
                "computed": true
              },
              "snapshot_id": {
                "type": "string",
                "description_kind": "plain",
                "required": true
              },
              "snapshot_ids": {
                "type": [
                  "list",
                  "string"
                ],
                "description_kind": "plain",
                "computed": true
              },
              "snapshot_type": {
                "type": "string",
                "description_kind": "plain",
                "computed": true
              },
              "status": {
                "type": "string",
                "description_kind": "plain",
                "computed": true
              },
              "storage_size_bytes": {
                "type": "number",
                "description_kind": "plain",
                "computed": true
              },
              "type": {
                "type": "string",
                "description_kind": "plain",
                "computed": true
              }
            },
            "description_kind": "plain"
          }
        },
        "mongodbatlas_cloud_backup_snapshot_export_bucket": {
          "version": 0,
          "block": {
            "attributes": {
              "bucket_name": {
                "type": "string",
                "description_kind": "plain",
                "computed": true
              },
              "cloud_provider": {
                "type": "string",
                "description_kind": "plain",
                "computed": true
              },
              "export_bucket_id": {
                "type": "string",
                "description_kind": "plain",
                "required": true
              },
              "iam_role_id": {
                "type": "string",
                "description_kind": "plain",
                "computed": true
              },
              "id": {
                "type": "string",
                "description_kind": "plain",
                "required": true
              },
              "project_id": {
                "type": "string",
                "description_kind": "plain",
                "required": true
              }
            },
            "description_kind": "plain"
          }
        },
        "mongodbatlas_cloud_backup_snapshot_export_buckets": {
          "version": 0,
          "block": {
            "attributes": {
              "id": {
                "type": "string",
                "description_kind": "plain",
                "optional": true,
                "computed": true
              },
              "items_per_page": {
                "type": "number",
                "description_kind": "plain",
                "optional": true
              },
              "page_num": {
                "type": "number",
                "description_kind": "plain",
                "optional": true
              },
              "project_id": {
                "type": "string",
                "description_kind": "plain",
                "required": true
              },
              "results": {
                "type": [
                  "list",
                  [
                    "object",
                    {
                      "bucket_name": "string",
                      "cloud_provider": "string",
                      "export_bucket_id": "string",
                      "iam_role_id": "string"
                    }
                  ]
                ],
                "description_kind": "plain",
                "computed": true
              },
              "total_count": {
                "type": "number",
                "description_kind": "plain",
                "computed": true
              }
            },
            "description_kind": "plain"
          }
        },
        "mongodbatlas_cloud_backup_snapshot_export_job": {
          "version": 0,
          "block": {
            "attributes": {
              "cluster_name": {
                "type": "string",
                "description_kind": "plain",
                "required": true
              },
              "components": {
                "type": [
                  "set",
                  [
                    "object",
                    {
                      "export_id": "string",
                      "replica_set_name": "string"
                    }
                  ]
                ],
                "description_kind": "plain",
                "computed": true
              },
              "created_at": {
                "type": "string",
                "description_kind": "plain",
                "computed": true
              },
              "custom_data": {
                "type": [
                  "set",
                  [
                    "object",
                    {
                      "key": "string",
                      "value": "string"
                    }
                  ]
                ],
                "description_kind": "plain",
                "computed": true
              },
              "err_msg": {
                "type": "string",
                "description_kind": "plain",
                "computed": true
              },
              "export_bucket_id": {
                "type": "string",
                "description_kind": "plain",
                "computed": true
              },
              "export_job_id": {
                "type": "string",
                "description_kind": "plain",
                "required": true
              },
              "export_status_exported_collections": {
                "type": "number",
                "description_kind": "plain",
                "computed": true
              },
              "export_status_total_collections": {
                "type": "number",
                "description_kind": "plain",
                "computed": true
              },
              "finished_at": {
                "type": "string",
                "description_kind": "plain",
                "computed": true
              },
              "id": {
                "type": "string",
                "description_kind": "plain",
                "required": true
              },
              "prefix": {
                "type": "string",
                "description_kind": "plain",
                "computed": true
              },
              "project_id": {
                "type": "string",
                "description_kind": "plain",
                "required": true
              },
              "snapshot_id": {
                "type": "string",
                "description_kind": "plain",
                "computed": true
              },
              "state": {
                "type": "string",
                "description_kind": "plain",
                "computed": true
              }
            },
            "description_kind": "plain"
          }
        },
        "mongodbatlas_cloud_backup_snapshot_export_jobs": {
          "version": 0,
          "block": {
            "attributes": {
              "cluster_name": {
                "type": "string",
                "description_kind": "plain",
                "required": true
              },
              "id": {
                "type": "string",
                "description_kind": "plain",
                "optional": true,
                "computed": true
              },
              "items_per_page": {
                "type": "number",
                "description_kind": "plain",
                "optional": true
              },
              "page_num": {
                "type": "number",
                "description_kind": "plain",
                "optional": true
              },
              "project_id": {
                "type": "string",
                "description_kind": "plain",
                "required": true
              },
              "results": {
                "type": [
                  "list",
                  [
                    "object",
                    {
                      "components": [
                        "set",
                        [
                          "object",
                          {
                            "export_id": "string",
                            "replica_set_name": "string"
                          }
                        ]
                      ],
                      "created_at": "string",
                      "custom_data": [
                        "set",
                        [
                          "object",
                          {
                            "key": "string",
                            "value": "string"
                          }
                        ]
                      ],
                      "err_msg": "string",
                      "export_bucket_id": "string",
                      "export_job_id": "string",
                      "export_status_exported_collections": "number",
                      "export_status_total_collections": "number",
                      "finished_at": "string",
                      "prefix": "string",
                      "snapshot_id": "string",
                      "state": "string"
                    }
                  ]
                ],
                "description_kind": "plain",
                "computed": true
              },
              "total_count": {
                "type": "number",
                "description_kind": "plain",
                "computed": true
              }
            },
            "description_kind": "plain"
          }
        },
        "mongodbatlas_cloud_backup_snapshot_restore_job": {
          "version": 0,
          "block": {
            "attributes": {
              "cancelled": {
                "type": "bool",
                "description_kind": "plain",
                "computed": true
              },
              "cluster_name": {
                "type": "string",
                "description_kind": "plain",
                "required": true
              },
              "created_at": {
                "type": "string",
                "description_kind": "plain",
                "computed": true
              },
              "delivery_type": {
                "type": "string",
                "description_kind": "plain",
                "computed": true
              },
              "delivery_url": {
                "type": [
                  "list",
                  "string"
                ],
                "description_kind": "plain",
                "computed": true
              },
              "expired": {
                "type": "bool",
                "description_kind": "plain",
                "computed": true
              },
              "expires_at": {
                "type": "string",
                "description_kind": "plain",
                "computed": true
              },
              "finished_at": {
                "type": "string",
                "description_kind": "plain",
                "computed": true
              },
              "id": {
                "type": "string",
                "description_kind": "plain",
                "optional": true,
                "computed": true
              },
              "job_id": {
                "type": "string",
                "description_kind": "plain",
                "required": true
              },
              "oplog_inc": {
                "type": "number",
                "description_kind": "plain",
                "computed": true
              },
              "oplog_ts": {
                "type": "number",
                "description_kind": "plain",
                "computed": true
              },
              "point_in_time_utc_seconds": {
                "type": "number",
                "description_kind": "plain",
                "computed": true
              },
              "project_id": {
                "type": "string",
                "description_kind": "plain",
                "required": true
              },
              "snapshot_id": {
                "type": "string",
                "description_kind": "plain",
                "computed": true
              },
              "target_cluster_name": {
                "type": "string",
                "description_kind": "plain",
                "computed": true
              },
              "target_project_id": {
                "type": "string",
                "description_kind": "plain",
                "computed": true
              },
              "timestamp": {
                "type": "string",
                "description_kind": "plain",
                "computed": true
              }
            },
            "description_kind": "plain"
          }
        },
        "mongodbatlas_cloud_backup_snapshot_restore_jobs": {
          "version": 0,
          "block": {
            "attributes": {
              "cluster_name": {
                "type": "string",
                "description_kind": "plain",
                "required": true
              },
              "id": {
                "type": "string",
                "description_kind": "plain",
                "optional": true,
                "computed": true
              },
              "items_per_page": {
                "type": "number",
                "description_kind": "plain",
                "optional": true
              },
              "page_num": {
                "type": "number",
                "description_kind": "plain",
                "optional": true
              },
              "project_id": {
                "type": "string",
                "description_kind": "plain",
                "required": true
              },
              "results": {
                "type": [
                  "list",
                  [
                    "object",
                    {
                      "cancelled": "bool",
                      "created_at": "string",
                      "delivery_type": "string",
                      "delivery_url": [
                        "list",
                        "string"
                      ],
                      "expired": "bool",
                      "expires_at": "string",
                      "finished_at": "string",
                      "id": "string",
                      "oplog_inc": "number",
                      "oplog_ts": "number",
                      "point_in_time_utc_seconds": "number",
                      "snapshot_id": "string",
                      "target_cluster_name": "string",
                      "target_project_id": "string",
                      "timestamp": "string"
                    }
                  ]
                ],
                "description_kind": "plain",
                "computed": true
              },
              "total_count": {
                "type": "number",
                "description_kind": "plain",
                "computed": true
              }
            },
            "description_kind": "plain"
          }
        },
        "mongodbatlas_cloud_backup_snapshots": {
          "version": 0,
          "block": {
            "attributes": {
              "cluster_name": {
                "type": "string",
                "description_kind": "plain",
                "required": true
              },
              "id": {
                "type": "string",
                "description_kind": "plain",
                "optional": true,
                "computed": true
              },
              "items_per_page": {
                "type": "number",
                "description_kind": "plain",
                "optional": true
              },
              "page_num": {
                "type": "number",
                "description_kind": "plain",
                "optional": true
              },
              "project_id": {
                "type": "string",
                "description_kind": "plain",
                "required": true
              },
              "results": {
                "type": [
                  "list",
                  [
                    "object",
                    {
                      "cloud_provider": "string",
                      "created_at": "string",
                      "description": "string",
                      "expires_at": "string",
                      "id": "string",
                      "master_key_uuid": "string",
                      "members": [
                        "list",
                        [
                          "object",
                          {
                            "cloud_provider": "string",
                            "id": "string",
                            "replica_set_name": "string"
                          }
                        ]
                      ],
                      "mongod_version": "string",
                      "replica_set_name": "string",
                      "snapshot_ids": [
                        "list",
                        "string"
                      ],
                      "snapshot_type": "string",
                      "status": "string",
                      "storage_size_bytes": "number",
                      "type": "string"
                    }
                  ]
                ],
                "description_kind": "plain",
                "computed": true
              },
              "total_count": {
                "type": "number",
                "description_kind": "plain",
                "computed": true
              }
            },
            "description_kind": "plain"
          }
        },
        "mongodbatlas_cloud_provider_access": {
          "version": 1,
          "block": {
            "attributes": {
              "aws_iam_roles": {
                "type": [
                  "list",
                  [
                    "object",
                    {
                      "atlas_assumed_role_external_id": "string",
                      "atlas_aws_account_arn": "string",
                      "authorized_date": "string",
                      "created_date": "string",
                      "feature_usages": [
                        "list",
                        [
                          "object",
                          {
                            "feature_id": [
                              "map",
                              "string"
                            ],
                            "feature_type": "string"
                          }
                        ]
                      ],
                      "iam_assumed_role_arn": "string",
                      "provider_name": "string",
                      "role_id": "string"
                    }
                  ]
                ],
                "description_kind": "plain",
                "computed": true
              },
              "id": {
                "type": "string",
                "description_kind": "plain",
                "optional": true,
                "computed": true
              },
              "project_id": {
                "type": "string",
                "description_kind": "plain",
                "required": true
              }
            },
            "description_kind": "plain"
          }
        },
        "mongodbatlas_cloud_provider_access_setup": {
          "version": 0,
          "block": {
            "attributes": {
              "aws": {
                "type": [
                  "map",
                  "string"
                ],
                "description_kind": "plain",
                "computed": true
              },
              "aws_config": {
                "type": [
                  "list",
                  [
                    "object",
                    {
                      "atlas_assumed_role_external_id": "string",
                      "atlas_aws_account_arn": "string"
                    }
                  ]
                ],
                "description_kind": "plain",
                "computed": true
              },
              "created_date": {
                "type": "string",
                "description_kind": "plain",
                "computed": true
              },
              "id": {
                "type": "string",
                "description_kind": "plain",
                "optional": true,
                "computed": true
              },
              "project_id": {
                "type": "string",
                "description_kind": "plain",
                "required": true
              },
              "provider_name": {
                "type": "string",
                "description_kind": "plain",
                "required": true
              },
              "role_id": {
                "type": "string",
                "description_kind": "plain",
                "required": true
              }
            },
            "description_kind": "plain"
          }
        },
        "mongodbatlas_cloud_provider_snapshot": {
          "version": 0,
          "block": {
            "attributes": {
              "cluster_name": {
                "type": "string",
                "description_kind": "plain",
                "required": true
              },
              "created_at": {
                "type": "string",
                "description_kind": "plain",
                "computed": true
              },
              "description": {
                "type": "string",
                "description_kind": "plain",
                "computed": true
              },
              "expires_at": {
                "type": "string",
                "description_kind": "plain",
                "computed": true
              },
              "id": {
                "type": "string",
                "description_kind": "plain",
                "optional": true,
                "computed": true
              },
              "master_key_uuid": {
                "type": "string",
                "description_kind": "plain",
                "computed": true
              },
              "mongod_version": {
                "type": "string",
                "description_kind": "plain",
                "computed": true
              },
              "project_id": {
                "type": "string",
                "description_kind": "plain",
                "required": true
              },
              "snapshot_id": {
                "type": "string",
                "description_kind": "plain",
                "required": true
              },
              "snapshot_type": {
                "type": "string",
                "description_kind": "plain",
                "computed": true
              },
              "status": {
                "type": "string",
                "description_kind": "plain",
                "computed": true
              },
              "storage_size_bytes": {
                "type": "number",
                "description_kind": "plain",
                "computed": true
              },
              "type": {
                "type": "string",
                "description_kind": "plain",
                "computed": true
              }
            },
            "description_kind": "plain",
            "deprecated": true
          }
        },
        "mongodbatlas_cloud_provider_snapshot_backup_policy": {
          "version": 0,
          "block": {
            "attributes": {
              "cluster_id": {
                "type": "string",
                "description_kind": "plain",
                "computed": true
              },
              "cluster_name": {
                "type": "string",
                "description_kind": "plain",
                "required": true
              },
              "id": {
                "type": "string",
                "description_kind": "plain",
                "optional": true,
                "computed": true
              },
              "next_snapshot": {
                "type": "string",
                "description_kind": "plain",
                "computed": true
              },
              "policies": {
                "type": [
                  "list",
                  [
                    "object",
                    {
                      "id": "string",
                      "policy_item": [
                        "list",
                        [
                          "object",
                          {
                            "frequency_interval": "number",
                            "frequency_type": "string",
                            "id": "string",
                            "retention_unit": "string",
                            "retention_value": "number"
                          }
                        ]
                      ]
                    }
                  ]
                ],
                "description_kind": "plain",
                "computed": true
              },
              "project_id": {
                "type": "string",
                "description_kind": "plain",
                "required": true
              },
              "reference_hour_of_day": {
                "type": "number",
                "description_kind": "plain",
                "computed": true
              },
              "reference_minute_of_hour": {
                "type": "number",
                "description_kind": "plain",
                "computed": true
              },
              "restore_window_days": {
                "type": "number",
                "description_kind": "plain",
                "computed": true
              },
              "update_snapshots": {
                "type": "bool",
                "description_kind": "plain",
                "computed": true
              }
            },
            "description_kind": "plain",
            "deprecated": true
          }
        },
        "mongodbatlas_cloud_provider_snapshot_restore_job": {
          "version": 0,
          "block": {
            "attributes": {
              "cancelled": {
                "type": "bool",
                "description_kind": "plain",
                "computed": true
              },
              "cluster_name": {
                "type": "string",
                "description_kind": "plain",
                "required": true
              },
              "created_at": {
                "type": "string",
                "description_kind": "plain",
                "computed": true
              },
              "delivery_type": {
                "type": "string",
                "description_kind": "plain",
                "computed": true
              },
              "delivery_url": {
                "type": [
                  "list",
                  "string"
                ],
                "description_kind": "plain",
                "computed": true
              },
              "expired": {
                "type": "bool",
                "description_kind": "plain",
                "computed": true
              },
              "expires_at": {
                "type": "string",
                "description_kind": "plain",
                "computed": true
              },
              "finished_at": {
                "type": "string",
                "description_kind": "plain",
                "computed": true
              },
              "id": {
                "type": "string",
                "description_kind": "plain",
                "optional": true,
                "computed": true
              },
              "job_id": {
                "type": "string",
                "description_kind": "plain",
                "required": true
              },
              "oplog_inc": {
                "type": "number",
                "description_kind": "plain",
                "computed": true
              },
              "oplog_ts": {
                "type": "number",
                "description_kind": "plain",
                "computed": true
              },
              "point_in_time_utc_seconds": {
                "type": "number",
                "description_kind": "plain",
                "computed": true
              },
              "project_id": {
                "type": "string",
                "description_kind": "plain",
                "required": true
              },
              "snapshot_id": {
                "type": "string",
                "description_kind": "plain",
                "computed": true
              },
              "target_cluster_name": {
                "type": "string",
                "description_kind": "plain",
                "computed": true
              },
              "target_project_id": {
                "type": "string",
                "description_kind": "plain",
                "computed": true
              },
              "timestamp": {
                "type": "string",
                "description_kind": "plain",
                "computed": true
              }
            },
            "description_kind": "plain",
            "deprecated": true
          }
        },
        "mongodbatlas_cloud_provider_snapshot_restore_jobs": {
          "version": 0,
          "block": {
            "attributes": {
              "cluster_name": {
                "type": "string",
                "description_kind": "plain",
                "required": true
              },
              "id": {
                "type": "string",
                "description_kind": "plain",
                "optional": true,
                "computed": true
              },
              "items_per_page": {
                "type": "number",
                "description_kind": "plain",
                "optional": true
              },
              "page_num": {
                "type": "number",
                "description_kind": "plain",
                "optional": true
              },
              "project_id": {
                "type": "string",
                "description_kind": "plain",
                "required": true
              },
              "results": {
                "type": [
                  "list",
                  [
                    "object",
                    {
                      "cancelled": "bool",
                      "created_at": "string",
                      "delivery_type": "string",
                      "delivery_url": [
                        "list",
                        "string"
                      ],
                      "expired": "bool",
                      "expires_at": "string",
                      "finished_at": "string",
                      "id": "string",
                      "oplog_inc": "number",
                      "oplog_ts": "number",
                      "point_in_time_utc_seconds": "number",
                      "snapshot_id": "string",
                      "target_cluster_name": "string",
                      "target_project_id": "string",
                      "timestamp": "string"
                    }
                  ]
                ],
                "description_kind": "plain",
                "computed": true
              },
              "total_count": {
                "type": "number",
                "description_kind": "plain",
                "computed": true
              }
            },
            "description_kind": "plain",
            "deprecated": true
          }
        },
        "mongodbatlas_cloud_provider_snapshots": {
          "version": 0,
          "block": {
            "attributes": {
              "cluster_name": {
                "type": "string",
                "description_kind": "plain",
                "required": true
              },
              "id": {
                "type": "string",
                "description_kind": "plain",
                "optional": true,
                "computed": true
              },
              "items_per_page": {
                "type": "number",
                "description_kind": "plain",
                "optional": true
              },
              "page_num": {
                "type": "number",
                "description_kind": "plain",
                "optional": true
              },
              "project_id": {
                "type": "string",
                "description_kind": "plain",
                "required": true
              },
              "results": {
                "type": [
                  "list",
                  [
                    "object",
                    {
                      "created_at": "string",
                      "description": "string",
                      "expires_at": "string",
                      "id": "string",
                      "master_key_uuid": "string",
                      "mongod_version": "string",
                      "snapshot_type": "string",
                      "status": "string",
                      "storage_size_bytes": "number",
                      "type": "string"
                    }
                  ]
                ],
                "description_kind": "plain",
                "computed": true
              },
              "total_count": {
                "type": "number",
                "description_kind": "plain",
                "computed": true
              }
            },
            "description_kind": "plain",
            "deprecated": true
          }
        },
        "mongodbatlas_cluster": {
          "version": 1,
          "block": {
            "attributes": {
              "advanced_configuration": {
                "type": [
                  "list",
                  [
                    "object",
                    {
                      "default_read_concern": "string",
                      "default_write_concern": "string",
                      "fail_index_key_too_long": "bool",
                      "javascript_enabled": "bool",
                      "minimum_enabled_tls_protocol": "string",
                      "no_table_scan": "bool",
                      "oplog_min_retention_hours": "number",
                      "oplog_size_mb": "number",
                      "sample_refresh_interval_bi_connector": "number",
                      "sample_size_bi_connector": "number"
                    }
                  ]
                ],
                "description_kind": "plain",
                "computed": true
              },
              "auto_scaling_compute_enabled": {
                "type": "bool",
                "description_kind": "plain",
                "computed": true
              },
              "auto_scaling_compute_scale_down_enabled": {
                "type": "bool",
                "description_kind": "plain",
                "computed": true
              },
              "auto_scaling_disk_gb_enabled": {
                "type": "bool",
                "description_kind": "plain",
                "computed": true
              },
              "backing_provider_name": {
                "type": "string",
                "description_kind": "plain",
                "computed": true
              },
              "backup_enabled": {
                "type": "bool",
                "description_kind": "plain",
                "computed": true
              },
              "bi_connector": {
                "type": [
                  "map",
                  "string"
                ],
                "description_kind": "plain",
                "deprecated": true,
                "computed": true
              },
              "bi_connector_config": {
                "type": [
                  "list",
                  [
                    "object",
                    {
                      "enabled": "bool",
                      "read_preference": "string"
                    }
                  ]
                ],
                "description_kind": "plain",
                "computed": true
              },
              "cluster_type": {
                "type": "string",
                "description_kind": "plain",
                "computed": true
              },
              "connection_strings": {
                "type": [
                  "list",
                  [
                    "object",
                    {
                      "aws_private_link": [
                        "map",
                        "string"
                      ],
                      "aws_private_link_srv": [
                        "map",
                        "string"
                      ],
                      "private": "string",
                      "private_endpoint": [
                        "list",
                        [
                          "object",
                          {
                            "connection_string": "string",
                            "endpoints": [
                              "list",
                              [
                                "object",
                                {
                                  "endpoint_id": "string",
                                  "provider_name": "string",
                                  "region": "string"
                                }
                              ]
                            ],
                            "srv_connection_string": "string",
                            "type": "string"
                          }
                        ]
                      ],
                      "private_srv": "string",
                      "standard": "string",
                      "standard_srv": "string"
                    }
                  ]
                ],
                "description_kind": "plain",
                "computed": true
              },
              "container_id": {
                "type": "string",
                "description_kind": "plain",
                "computed": true
              },
              "disk_size_gb": {
                "type": "number",
                "description_kind": "plain",
                "computed": true
              },
              "encryption_at_rest_provider": {
                "type": "string",
                "description_kind": "plain",
                "computed": true
              },
              "id": {
                "type": "string",
                "description_kind": "plain",
                "optional": true,
                "computed": true
              },
              "labels": {
                "type": [
                  "set",
                  [
                    "object",
                    {
                      "key": "string",
                      "value": "string"
                    }
                  ]
                ],
                "description_kind": "plain",
                "computed": true
              },
              "mongo_db_major_version": {
                "type": "string",
                "description_kind": "plain",
                "computed": true
              },
              "mongo_db_version": {
                "type": "string",
                "description_kind": "plain",
                "computed": true
              },
              "mongo_uri": {
                "type": "string",
                "description_kind": "plain",
                "computed": true
              },
              "mongo_uri_updated": {
                "type": "string",
                "description_kind": "plain",
                "computed": true
              },
              "mongo_uri_with_options": {
                "type": "string",
                "description_kind": "plain",
                "computed": true
              },
              "name": {
                "type": "string",
                "description_kind": "plain",
                "required": true
              },
              "num_shards": {
                "type": "number",
                "description_kind": "plain",
                "computed": true
              },
              "paused": {
                "type": "bool",
                "description_kind": "plain",
                "computed": true
              },
              "pit_enabled": {
                "type": "bool",
                "description_kind": "plain",
                "computed": true
              },
              "project_id": {
                "type": "string",
                "description_kind": "plain",
                "required": true
              },
              "provider_auto_scaling_compute_max_instance_size": {
                "type": "string",
                "description_kind": "plain",
                "computed": true
              },
              "provider_auto_scaling_compute_min_instance_size": {
                "type": "string",
                "description_kind": "plain",
                "computed": true
              },
              "provider_backup_enabled": {
                "type": "bool",
                "description_kind": "plain",
                "computed": true
              },
              "provider_disk_iops": {
                "type": "number",
                "description_kind": "plain",
                "computed": true
              },
              "provider_disk_type_name": {
                "type": "string",
                "description_kind": "plain",
                "computed": true
              },
              "provider_encrypt_ebs_volume": {
                "type": "bool",
                "description_kind": "plain",
                "computed": true
              },
              "provider_encrypt_ebs_volume_flag": {
                "type": "bool",
                "description_kind": "plain",
                "computed": true
              },
              "provider_instance_size_name": {
                "type": "string",
                "description_kind": "plain",
                "computed": true
              },
              "provider_name": {
                "type": "string",
                "description_kind": "plain",
                "computed": true
              },
              "provider_region_name": {
                "type": "string",
                "description_kind": "plain",
                "computed": true
              },
              "provider_volume_type": {
                "type": "string",
                "description_kind": "plain",
                "computed": true
              },
              "replication_factor": {
                "type": "number",
                "description_kind": "plain",
                "computed": true
              },
              "replication_specs": {
                "type": [
                  "list",
                  [
                    "object",
                    {
                      "id": "string",
                      "num_shards": "number",
                      "regions_config": [
                        "set",
                        [
                          "object",
                          {
                            "analytics_nodes": "number",
                            "electable_nodes": "number",
                            "priority": "number",
                            "read_only_nodes": "number",
                            "region_name": "string"
                          }
                        ]
                      ],
                      "zone_name": "string"
                    }
                  ]
                ],
                "description_kind": "plain",
                "computed": true
              },
              "snapshot_backup_policy": {
                "type": [
                  "list",
                  [
                    "object",
                    {
                      "cluster_id": "string",
                      "cluster_name": "string",
                      "next_snapshot": "string",
                      "policies": [
                        "list",
                        [
                          "object",
                          {
                            "id": "string",
                            "policy_item": [
                              "list",
                              [
                                "object",
                                {
                                  "frequency_interval": "number",
                                  "frequency_type": "string",
                                  "id": "string",
                                  "retention_unit": "string",
                                  "retention_value": "number"
                                }
                              ]
                            ]
                          }
                        ]
                      ],
                      "reference_hour_of_day": "number",
                      "reference_minute_of_hour": "number",
                      "restore_window_days": "number",
                      "update_snapshots": "bool"
                    }
                  ]
                ],
                "description_kind": "plain",
                "computed": true
              },
              "srv_address": {
                "type": "string",
                "description_kind": "plain",
                "computed": true
              },
              "state_name": {
                "type": "string",
                "description_kind": "plain",
                "computed": true
              },
              "termination_protection_enabled": {
                "type": "bool",
                "description_kind": "plain",
                "computed": true
              },
              "version_release_system": {
                "type": "string",
                "description_kind": "plain",
                "computed": true
              }
            },
            "description_kind": "plain"
          }
        },
        "mongodbatlas_clusters": {
          "version": 0,
          "block": {
            "attributes": {
              "id": {
                "type": "string",
                "description_kind": "plain",
                "optional": true,
                "computed": true
              },
              "project_id": {
                "type": "string",
                "description_kind": "plain",
                "required": true
              },
              "results": {
                "type": [
                  "list",
                  [
                    "object",
                    {
                      "advanced_configuration": [
                        "list",
                        [
                          "object",
                          {
                            "default_read_concern": "string",
                            "default_write_concern": "string",
                            "fail_index_key_too_long": "bool",
                            "javascript_enabled": "bool",
                            "minimum_enabled_tls_protocol": "string",
                            "no_table_scan": "bool",
                            "oplog_min_retention_hours": "number",
                            "oplog_size_mb": "number",
                            "sample_refresh_interval_bi_connector": "number",
                            "sample_size_bi_connector": "number"
                          }
                        ]
                      ],
                      "auto_scaling_compute_enabled": "bool",
                      "auto_scaling_compute_scale_down_enabled": "bool",
                      "auto_scaling_disk_gb_enabled": "bool",
                      "backing_provider_name": "string",
                      "backup_enabled": "bool",
                      "bi_connector": [
                        "map",
                        "string"
                      ],
                      "bi_connector_config": [
                        "list",
                        [
                          "object",
                          {
                            "enabled": "bool",
                            "read_preference": "string"
                          }
                        ]
                      ],
                      "cluster_type": "string",
                      "connection_strings": [
                        "list",
                        [
                          "object",
                          {
                            "aws_private_link": [
                              "map",
                              "string"
                            ],
                            "aws_private_link_srv": [
                              "map",
                              "string"
                            ],
                            "private": "string",
                            "private_endpoint": [
                              "list",
                              [
                                "object",
                                {
                                  "connection_string": "string",
                                  "endpoints": [
                                    "list",
                                    [
                                      "object",
                                      {
                                        "endpoint_id": "string",
                                        "provider_name": "string",
                                        "region": "string"
                                      }
                                    ]
                                  ],
                                  "srv_connection_string": "string",
                                  "type": "string"
                                }
                              ]
                            ],
                            "private_srv": "string",
                            "standard": "string",
                            "standard_srv": "string"
                          }
                        ]
                      ],
                      "container_id": "string",
                      "disk_size_gb": "number",
                      "encryption_at_rest_provider": "string",
                      "labels": [
                        "set",
                        [
                          "object",
                          {
                            "key": "string",
                            "value": "string"
                          }
                        ]
                      ],
                      "mongo_db_major_version": "string",
                      "mongo_db_version": "string",
                      "mongo_uri": "string",
                      "mongo_uri_updated": "string",
                      "mongo_uri_with_options": "string",
                      "name": "string",
                      "num_shards": "number",
                      "paused": "bool",
                      "pit_enabled": "bool",
                      "provider_auto_scaling_compute_max_instance_size": "string",
                      "provider_auto_scaling_compute_min_instance_size": "string",
                      "provider_backup_enabled": "bool",
                      "provider_disk_iops": "number",
                      "provider_disk_type_name": "string",
                      "provider_encrypt_ebs_volume": "bool",
                      "provider_instance_size_name": "string",
                      "provider_name": "string",
                      "provider_region_name": "string",
                      "provider_volume_type": "string",
                      "replication_factor": "number",
                      "replication_specs": [
                        "list",
                        [
                          "object",
                          {
                            "id": "string",
                            "num_shards": "number",
                            "regions_config": [
                              "set",
                              [
                                "object",
                                {
                                  "analytics_nodes": "number",
                                  "electable_nodes": "number",
                                  "priority": "number",
                                  "read_only_nodes": "number",
                                  "region_name": "string"
                                }
                              ]
                            ],
                            "zone_name": "string"
                          }
                        ]
                      ],
                      "snapshot_backup_policy": [
                        "list",
                        [
                          "object",
                          {
                            "cluster_id": "string",
                            "cluster_name": "string",
                            "next_snapshot": "string",
                            "policies": [
                              "list",
                              [
                                "object",
                                {
                                  "id": "string",
                                  "policy_item": [
                                    "list",
                                    [
                                      "object",
                                      {
                                        "frequency_interval": "number",
                                        "frequency_type": "string",
                                        "id": "string",
                                        "retention_unit": "string",
                                        "retention_value": "number"
                                      }
                                    ]
                                  ]
                                }
                              ]
                            ],
                            "reference_hour_of_day": "number",
                            "reference_minute_of_hour": "number",
                            "restore_window_days": "number",
                            "update_snapshots": "bool"
                          }
                        ]
                      ],
                      "srv_address": "string",
                      "state_name": "string",
                      "termination_protection_enabled": "bool",
                      "version_release_system": "string"
                    }
                  ]
                ],
                "description_kind": "plain",
                "computed": true
              }
            },
            "description_kind": "plain"
          }
        },
        "mongodbatlas_custom_db_role": {
          "version": 0,
          "block": {
            "attributes": {
              "actions": {
                "type": [
                  "list",
                  [
                    "object",
                    {
                      "action": "string",
                      "resources": [
                        "set",
                        [
                          "object",
                          {
                            "cluster": "bool",
                            "collection_name": "string",
                            "database_name": "string"
                          }
                        ]
                      ]
                    }
                  ]
                ],
                "description_kind": "plain",
                "computed": true
              },
              "id": {
                "type": "string",
                "description_kind": "plain",
                "optional": true,
                "computed": true
              },
              "project_id": {
                "type": "string",
                "description_kind": "plain",
                "required": true
              },
              "role_name": {
                "type": "string",
                "description_kind": "plain",
                "required": true
              }
            },
            "block_types": {
              "inherited_roles": {
                "nesting_mode": "list",
                "block": {
                  "attributes": {
                    "database_name": {
                      "type": "string",
                      "description_kind": "plain",
                      "computed": true
                    },
                    "role_name": {
                      "type": "string",
                      "description_kind": "plain",
                      "computed": true
                    }
                  },
                  "description_kind": "plain"
                }
              }
            },
            "description_kind": "plain"
          }
        },
        "mongodbatlas_custom_db_roles": {
          "version": 0,
          "block": {
            "attributes": {
              "id": {
                "type": "string",
                "description_kind": "plain",
                "optional": true,
                "computed": true
              },
              "project_id": {
                "type": "string",
                "description_kind": "plain",
                "required": true
              },
              "results": {
                "type": [
                  "list",
                  [
                    "object",
                    {
                      "actions": [
                        "list",
                        [
                          "object",
                          {
                            "action": "string",
                            "resources": [
                              "set",
                              [
                                "object",
                                {
                                  "cluster": "bool",
                                  "collection_name": "string",
                                  "database_name": "string"
                                }
                              ]
                            ]
                          }
                        ]
                      ],
                      "inherited_roles": [
                        "list",
                        [
                          "object",
                          {
                            "database_name": "string",
                            "role_name": "string"
                          }
                        ]
                      ],
                      "role_name": "string"
                    }
                  ]
                ],
                "description_kind": "plain",
                "computed": true
              }
            },
            "description_kind": "plain"
          }
        },
        "mongodbatlas_custom_dns_configuration_cluster_aws": {
          "version": 0,
          "block": {
            "attributes": {
              "enabled": {
                "type": "bool",
                "description_kind": "plain",
                "computed": true
              },
              "id": {
                "type": "string",
                "description_kind": "plain",
                "optional": true,
                "computed": true
              },
              "project_id": {
                "type": "string",
                "description_kind": "plain",
                "required": true
              }
            },
            "description_kind": "plain"
          }
        },
        "mongodbatlas_data_lake": {
          "version": 0,
          "block": {
            "attributes": {
              "aws": {
                "type": [
                  "list",
                  [
                    "object",
                    {
                      "external_id": "string",
                      "iam_assumed_role_arn": "string",
                      "iam_user_arn": "string",
                      "role_id": "string",
                      "test_s3_bucket": "string"
                    }
                  ]
                ],
                "description_kind": "plain",
                "computed": true
              },
              "data_process_region": {
                "type": [
                  "list",
                  [
                    "object",
                    {
                      "cloud_provider": "string",
                      "region": "string"
                    }
                  ]
                ],
                "description_kind": "plain",
                "computed": true
              },
              "hostnames": {
                "type": [
                  "list",
                  "string"
                ],
                "description_kind": "plain",
                "computed": true
              },
              "id": {
                "type": "string",
                "description_kind": "plain",
                "optional": true,
                "computed": true
              },
              "name": {
                "type": "string",
                "description_kind": "plain",
                "required": true
              },
              "project_id": {
                "type": "string",
                "description_kind": "plain",
                "required": true
              },
              "state": {
                "type": "string",
                "description_kind": "plain",
                "computed": true
              },
              "storage_databases": {
                "type": [
                  "list",
                  [
                    "object",
                    {
                      "collections": [
                        "list",
                        [
                          "object",
                          {
                            "data_sources": [
                              "list",
                              [
                                "object",
                                {
                                  "default_format": "string",
                                  "path": "string",
                                  "store_name": "string"
                                }
                              ]
                            ],
                            "name": "string"
                          }
                        ]
                      ],
                      "max_wildcard_collections": "number",
                      "name": "string",
                      "views": [
                        "list",
                        [
                          "object",
                          {
                            "name": "string",
                            "pipeline": "string",
                            "source": "string"
                          }
                        ]
                      ]
                    }
                  ]
                ],
                "description_kind": "plain",
                "computed": true
              },
              "storage_stores": {
                "type": [
                  "list",
                  [
                    "object",
                    {
                      "additional_storage_classes": [
                        "set",
                        "string"
                      ],
                      "bucket": "string",
                      "delimiter": "string",
                      "include_tags": "bool",
                      "name": "string",
                      "prefix": "string",
                      "provider": "string",
                      "region": "string"
                    }
                  ]
                ],
                "description_kind": "plain",
                "computed": true
              }
            },
            "description_kind": "plain"
          }
        },
        "mongodbatlas_data_lakes": {
          "version": 0,
          "block": {
            "attributes": {
              "id": {
                "type": "string",
                "description_kind": "plain",
                "optional": true,
                "computed": true
              },
              "project_id": {
                "type": "string",
                "description_kind": "plain",
                "required": true
              },
              "results": {
                "type": [
                  "list",
                  [
                    "object",
                    {
                      "aws": [
                        "list",
                        [
                          "object",
                          {
                            "external_id": "string",
                            "iam_assumed_role_arn": "string",
                            "iam_user_arn": "string",
                            "role_id": "string",
                            "test_s3_bucket": "string"
                          }
                        ]
                      ],
                      "data_process_region": [
                        "list",
                        [
                          "object",
                          {
                            "cloud_provider": "string",
                            "region": "string"
                          }
                        ]
                      ],
                      "hostnames": [
                        "list",
                        "string"
                      ],
                      "name": "string",
                      "project_id": "string",
                      "state": "string",
                      "storage_databases": [
                        "list",
                        [
                          "object",
                          {
                            "collections": [
                              "list",
                              [
                                "object",
                                {
                                  "data_sources": [
                                    "list",
                                    [
                                      "object",
                                      {
                                        "default_format": "string",
                                        "path": "string",
                                        "store_name": "string"
                                      }
                                    ]
                                  ],
                                  "name": "string"
                                }
                              ]
                            ],
                            "max_wildcard_collections": "number",
                            "name": "string",
                            "views": [
                              "list",
                              [
                                "object",
                                {
                                  "name": "string",
                                  "pipeline": "string",
                                  "source": "string"
                                }
                              ]
                            ]
                          }
                        ]
                      ],
                      "storage_stores": [
                        "list",
                        [
                          "object",
                          {
                            "additional_storage_classes": [
                              "set",
                              "string"
                            ],
                            "bucket": "string",
                            "delimiter": "string",
                            "include_tags": "bool",
                            "name": "string",
                            "prefix": "string",
                            "provider": "string",
                            "region": "string"
                          }
                        ]
                      ]
                    }
                  ]
                ],
                "description_kind": "plain",
                "computed": true
              }
            },
            "description_kind": "plain"
          }
        },
        "mongodbatlas_database_user": {
          "version": 0,
          "block": {
            "attributes": {
              "auth_database_name": {
                "type": "string",
                "description_kind": "plain",
                "optional": true
              },
              "aws_iam_type": {
                "type": "string",
                "description_kind": "plain",
                "computed": true
              },
              "database_name": {
                "type": "string",
                "description_kind": "plain",
                "deprecated": true,
                "optional": true
              },
              "id": {
                "type": "string",
                "description_kind": "plain",
                "optional": true,
                "computed": true
              },
              "labels": {
                "type": [
                  "list",
                  [
                    "object",
                    {
                      "key": "string",
                      "value": "string"
                    }
                  ]
                ],
                "description_kind": "plain",
                "computed": true
              },
              "ldap_auth_type": {
                "type": "string",
                "description_kind": "plain",
                "computed": true
              },
              "project_id": {
                "type": "string",
                "description_kind": "plain",
                "required": true
              },
              "roles": {
                "type": [
                  "list",
                  [
                    "object",
                    {
                      "collection_name": "string",
                      "database_name": "string",
                      "role_name": "string"
                    }
                  ]
                ],
                "description_kind": "plain",
                "computed": true
              },
              "scopes": {
                "type": [
                  "list",
                  [
                    "object",
                    {
                      "name": "string",
                      "type": "string"
                    }
                  ]
                ],
                "description_kind": "plain",
                "computed": true
              },
              "username": {
                "type": "string",
                "description_kind": "plain",
                "required": true
              },
              "x509_type": {
                "type": "string",
                "description_kind": "plain",
                "computed": true
              }
            },
            "description_kind": "plain"
          }
        },
        "mongodbatlas_database_users": {
          "version": 0,
          "block": {
            "attributes": {
              "id": {
                "type": "string",
                "description_kind": "plain",
                "optional": true,
                "computed": true
              },
              "project_id": {
                "type": "string",
                "description_kind": "plain",
                "required": true
              },
              "results": {
                "type": [
                  "list",
                  [
                    "object",
                    {
                      "auth_database_name": "string",
                      "aws_iam_type": "string",
                      "labels": [
                        "set",
                        [
                          "object",
                          {
                            "key": "string",
                            "value": "string"
                          }
                        ]
                      ],
                      "ldap_auth_type": "string",
                      "project_id": "string",
                      "roles": [
                        "list",
                        [
                          "object",
                          {
                            "collection_name": "string",
                            "database_name": "string",
                            "role_name": "string"
                          }
                        ]
                      ],
                      "scopes": [
                        "list",
                        [
                          "object",
                          {
                            "name": "string",
                            "type": "string"
                          }
                        ]
                      ],
                      "username": "string",
                      "x509_type": "string"
                    }
                  ]
                ],
                "description_kind": "plain",
                "computed": true
              }
            },
            "description_kind": "plain"
          }
        },
        "mongodbatlas_event_trigger": {
          "version": 0,
          "block": {
            "attributes": {
              "app_id": {
                "type": "string",
                "description_kind": "plain",
                "required": true
              },
              "config_collection": {
                "type": "string",
                "description_kind": "plain",
                "computed": true
              },
              "config_database": {
                "type": "string",
                "description_kind": "plain",
                "computed": true
              },
              "config_full_document": {
                "type": "bool",
                "description_kind": "plain",
                "computed": true
              },
              "config_full_document_before": {
                "type": "bool",
                "description_kind": "plain",
                "computed": true
              },
              "config_match": {
                "type": "string",
                "description_kind": "plain",
                "computed": true
              },
              "config_operation_type": {
                "type": "string",
                "description_kind": "plain",
                "computed": true
              },
              "config_operation_types": {
                "type": [
                  "list",
                  "string"
                ],
                "description_kind": "plain",
                "computed": true
              },
              "config_project": {
                "type": "string",
                "description_kind": "plain",
                "computed": true
              },
              "config_providers": {
                "type": [
                  "list",
                  "string"
                ],
                "description_kind": "plain",
                "computed": true
              },
              "config_schedule": {
                "type": "string",
                "description_kind": "plain",
                "computed": true
              },
              "config_schedule_type": {
                "type": "string",
                "description_kind": "plain",
                "computed": true
              },
              "config_service_id": {
                "type": "string",
                "description_kind": "plain",
                "computed": true
              },
              "disabled": {
                "type": "bool",
                "description_kind": "plain",
                "computed": true
              },
              "event_processors": {
                "type": [
                  "list",
                  [
                    "object",
                    {
                      "aws_eventbridge": [
                        "list",
                        [
                          "object",
                          {
                            "config_account_id": "string",
                            "config_region": "string"
                          }
                        ]
                      ]
                    }
                  ]
                ],
                "description_kind": "plain",
                "computed": true
              },
              "function_id": {
                "type": "string",
                "description_kind": "plain",
                "computed": true
              },
              "function_name": {
                "type": "string",
                "description_kind": "plain",
                "computed": true
              },
              "id": {
                "type": "string",
                "description_kind": "plain",
                "optional": true,
                "computed": true
              },
              "name": {
                "type": "string",
                "description_kind": "plain",
                "computed": true
              },
              "project_id": {
                "type": "string",
                "description_kind": "plain",
                "required": true
              },
              "trigger_id": {
                "type": "string",
                "description_kind": "plain",
                "required": true
              },
              "type": {
                "type": "string",
                "description_kind": "plain",
                "computed": true
              },
              "unordered": {
                "type": "bool",
                "description_kind": "plain",
                "computed": true
              }
            },
            "description_kind": "plain"
          }
        },
        "mongodbatlas_event_triggers": {
          "version": 0,
          "block": {
            "attributes": {
              "app_id": {
                "type": "string",
                "description_kind": "plain",
                "required": true
              },
              "id": {
                "type": "string",
                "description_kind": "plain",
                "optional": true,
                "computed": true
              },
              "project_id": {
                "type": "string",
                "description_kind": "plain",
                "required": true
              },
              "results": {
                "type": [
                  "list",
                  [
                    "object",
                    {
                      "config_collection": "string",
                      "config_database": "string",
                      "config_full_document": "bool",
                      "config_full_document_before": "bool",
                      "config_match": "string",
                      "config_operation_type": "string",
                      "config_operation_types": [
                        "list",
                        "string"
                      ],
                      "config_project": "string",
                      "config_providers": [
                        "list",
                        "string"
                      ],
                      "config_schedule": "string",
                      "config_schedule_type": "string",
                      "config_service_id": "string",
                      "disabled": "bool",
                      "event_processors": [
                        "list",
                        [
                          "object",
                          {
                            "aws_eventbridge": [
                              "list",
                              [
                                "object",
                                {
                                  "config_account_id": "string",
                                  "config_region": "string"
                                }
                              ]
                            ]
                          }
                        ]
                      ],
                      "function_id": "string",
                      "function_name": "string",
                      "name": "string",
                      "trigger_id": "string",
                      "type": "string",
                      "unordered": "bool"
                    }
                  ]
                ],
                "description_kind": "plain",
                "computed": true
              }
            },
            "description_kind": "plain"
          }
        },
        "mongodbatlas_federated_settings": {
          "version": 0,
          "block": {
            "attributes": {
              "federated_domains": {
                "type": [
                  "list",
                  "string"
                ],
                "description_kind": "plain",
                "computed": true
              },
              "has_role_mappings": {
                "type": "bool",
                "description_kind": "plain",
                "computed": true
              },
              "id": {
                "type": "string",
                "description_kind": "plain",
                "computed": true
              },
              "identity_provider_id": {
                "type": "string",
                "description_kind": "plain",
                "computed": true
              },
              "identity_provider_status": {
                "type": "string",
                "description_kind": "plain",
                "computed": true
              },
              "org_id": {
                "type": "string",
                "description_kind": "plain",
                "required": true
              }
            },
            "description_kind": "plain"
          }
        },
        "mongodbatlas_federated_settings_identity_provider": {
          "version": 0,
          "block": {
            "attributes": {
              "acs_url": {
                "type": "string",
                "description_kind": "plain",
                "computed": true
              },
              "associated_domains": {
                "type": [
                  "list",
                  "string"
                ],
                "description_kind": "plain",
                "computed": true
              },
              "associated_orgs": {
                "type": [
                  "list",
                  [
                    "object",
                    {
                      "domain_allow_list": [
                        "list",
                        "string"
                      ],
                      "domain_restriction_enabled": "bool",
                      "identity_provider_id": "string",
                      "org_id": "string",
                      "post_auth_role_grants": [
                        "list",
                        "string"
                      ],
                      "role_mappings": [
                        "list",
                        [
                          "object",
                          {
                            "external_group_name": "string",
                            "id": "string",
                            "role_assignments": [
                              "list",
                              [
                                "object",
                                {
                                  "group_id": "string",
                                  "org_id": "string",
                                  "role": "string"
                                }
                              ]
                            ]
                          }
                        ]
                      ],
                      "user_conflicts": [
                        "list",
                        [
                          "object",
                          {
                            "email_address": "string",
                            "federation_settings_id": "string",
                            "first_name": "string",
                            "last_name": "string",
                            "user_id": "string"
                          }
                        ]
                      ]
                    }
                  ]
                ],
                "description_kind": "plain",
                "computed": true
              },
              "audience_uri": {
                "type": "string",
                "description_kind": "plain",
                "computed": true
              },
              "display_name": {
                "type": "string",
                "description_kind": "plain",
                "computed": true
              },
              "federation_settings_id": {
                "type": "string",
                "description_kind": "plain",
                "required": true
              },
              "id": {
                "type": "string",
                "description_kind": "plain",
                "optional": true,
                "computed": true
              },
              "identity_provider_id": {
                "type": "string",
                "description_kind": "plain",
                "required": true
              },
              "issuer_uri": {
                "type": "string",
                "description_kind": "plain",
                "computed": true
              },
              "okta_idp_id": {
                "type": "string",
                "description_kind": "plain",
                "computed": true
              },
              "pem_file_info": {
                "type": [
                  "list",
                  [
                    "object",
                    {
                      "certificates": [
                        "list",
                        [
                          "object",
                          {
                            "not_after": "string",
                            "not_before": "string"
                          }
                        ]
                      ],
                      "file_name": "string"
                    }
                  ]
                ],
                "description_kind": "plain",
                "computed": true
              },
              "request_binding": {
                "type": "string",
                "description_kind": "plain",
                "computed": true
              },
              "response_signature_algorithm": {
                "type": "string",
                "description_kind": "plain",
                "computed": true
              },
              "sso_debug_enabled": {
                "type": "bool",
                "description_kind": "plain",
                "computed": true
              },
              "sso_url": {
                "type": "string",
                "description_kind": "plain",
                "computed": true
              },
              "status": {
                "type": "string",
                "description_kind": "plain",
                "computed": true
              }
            },
            "description_kind": "plain"
          }
        },
        "mongodbatlas_federated_settings_identity_providers": {
          "version": 0,
          "block": {
            "attributes": {
              "federation_settings_id": {
                "type": "string",
                "description_kind": "plain",
                "required": true
              },
              "id": {
                "type": "string",
                "description_kind": "plain",
                "optional": true,
                "computed": true
              },
              "items_per_page": {
                "type": "number",
                "description_kind": "plain",
                "optional": true
              },
              "page_num": {
                "type": "number",
                "description_kind": "plain",
                "optional": true
              },
              "results": {
                "type": [
                  "list",
                  [
                    "object",
                    {
                      "acs_url": "string",
                      "associated_domains": [
                        "list",
                        "string"
                      ],
                      "associated_orgs": [
                        "list",
                        [
                          "object",
                          {
                            "domain_allow_list": [
                              "list",
                              "string"
                            ],
                            "domain_restriction_enabled": "bool",
                            "identity_provider_id": "string",
                            "org_id": "string",
                            "post_auth_role_grants": [
                              "list",
                              "string"
                            ],
                            "role_mappings": [
                              "list",
                              [
                                "object",
                                {
                                  "external_group_name": "string",
                                  "id": "string",
                                  "role_assignments": [
                                    "list",
                                    [
                                      "object",
                                      {
                                        "group_id": "string",
                                        "org_id": "string",
                                        "role": "string"
                                      }
                                    ]
                                  ]
                                }
                              ]
                            ],
                            "user_conflicts": [
                              "list",
                              [
                                "object",
                                {
                                  "email_address": "string",
                                  "federation_settings_id": "string",
                                  "first_name": "string",
                                  "last_name": "string",
                                  "user_id": "string"
                                }
                              ]
                            ]
                          }
                        ]
                      ],
                      "audience_uri": "string",
                      "display_name": "string",
                      "issuer_uri": "string",
                      "okta_idp_id": "string",
                      "pem_file_info": [
                        "list",
                        [
                          "object",
                          {
                            "certificates": [
                              "list",
                              [
                                "object",
                                {
                                  "not_after": "string",
                                  "not_before": "string"
                                }
                              ]
                            ],
                            "file_name": "string"
                          }
                        ]
                      ],
                      "request_binding": "string",
                      "response_signature_algorithm": "string",
                      "sso_debug_enabled": "bool",
                      "sso_url": "string",
                      "status": "string"
                    }
                  ]
                ],
                "description_kind": "plain",
                "computed": true
              }
            },
            "description_kind": "plain"
          }
        },
        "mongodbatlas_federated_settings_org_config": {
          "version": 0,
          "block": {
            "attributes": {
              "domain_allow_list": {
                "type": [
                  "list",
                  "string"
                ],
                "description_kind": "plain",
                "computed": true
              },
              "domain_restriction_enabled": {
                "type": "bool",
                "description_kind": "plain",
                "computed": true
              },
              "federation_settings_id": {
                "type": "string",
                "description_kind": "plain",
                "required": true
              },
              "id": {
                "type": "string",
                "description_kind": "plain",
                "optional": true,
                "computed": true
              },
              "identity_provider_id": {
                "type": "string",
                "description_kind": "plain",
                "computed": true
              },
              "org_id": {
                "type": "string",
                "description_kind": "plain",
                "required": true
              },
              "post_auth_role_grants": {
                "type": [
                  "list",
                  "string"
                ],
                "description_kind": "plain",
                "computed": true
              },
              "role_mappings": {
                "type": [
                  "list",
                  [
                    "object",
                    {
                      "external_group_name": "string",
                      "id": "string",
                      "role_assignments": [
                        "list",
                        [
                          "object",
                          {
                            "group_id": "string",
                            "org_id": "string",
                            "role": "string"
                          }
                        ]
                      ]
                    }
                  ]
                ],
                "description_kind": "plain",
                "computed": true
              },
              "user_conflicts": {
                "type": [
                  "list",
                  [
                    "object",
                    {
                      "email_address": "string",
                      "federation_settings_id": "string",
                      "first_name": "string",
                      "last_name": "string",
                      "user_id": "string"
                    }
                  ]
                ],
                "description_kind": "plain",
                "computed": true
              }
            },
            "description_kind": "plain"
          }
        },
        "mongodbatlas_federated_settings_org_configs": {
          "version": 0,
          "block": {
            "attributes": {
              "federation_settings_id": {
                "type": "string",
                "description_kind": "plain",
                "required": true
              },
              "id": {
                "type": "string",
                "description_kind": "plain",
                "optional": true,
                "computed": true
              },
              "items_per_page": {
                "type": "number",
                "description_kind": "plain",
                "optional": true
              },
              "page_num": {
                "type": "number",
                "description_kind": "plain",
                "optional": true
              },
              "results": {
                "type": [
                  "list",
                  [
                    "object",
                    {
                      "domain_allow_list": [
                        "list",
                        "string"
                      ],
                      "domain_restriction_enabled": "bool",
                      "identity_provider_id": "string",
                      "org_id": "string",
                      "post_auth_role_grants": [
                        "list",
                        "string"
                      ],
                      "role_mappings": [
                        "list",
                        [
                          "object",
                          {
                            "external_group_name": "string",
                            "id": "string",
                            "role_assignments": [
                              "list",
                              [
                                "object",
                                {
                                  "group_id": "string",
                                  "org_id": "string",
                                  "role": "string"
                                }
                              ]
                            ]
                          }
                        ]
                      ],
                      "user_conflicts": [
                        "list",
                        [
                          "object",
                          {
                            "email_address": "string",
                            "federation_settings_id": "string",
                            "first_name": "string",
                            "last_name": "string",
                            "user_id": "string"
                          }
                        ]
                      ]
                    }
                  ]
                ],
                "description_kind": "plain",
                "computed": true
              }
            },
            "description_kind": "plain"
          }
        },
        "mongodbatlas_federated_settings_org_role_mapping": {
          "version": 0,
          "block": {
            "attributes": {
              "external_group_name": {
                "type": "string",
                "description_kind": "plain",
                "computed": true
              },
              "federation_settings_id": {
                "type": "string",
                "description_kind": "plain",
                "required": true
              },
              "id": {
                "type": "string",
                "description_kind": "plain",
                "computed": true
              },
              "org_id": {
                "type": "string",
                "description_kind": "plain",
                "required": true
              },
              "role_assignments": {
                "type": [
                  "list",
                  [
                    "object",
                    {
                      "group_id": "string",
                      "org_id": "string",
                      "role": "string"
                    }
                  ]
                ],
                "description_kind": "plain",
                "computed": true
              },
              "role_mapping_id": {
                "type": "string",
                "description_kind": "plain",
                "required": true
              }
            },
            "description_kind": "plain"
          }
        },
        "mongodbatlas_federated_settings_org_role_mappings": {
          "version": 0,
          "block": {
            "attributes": {
              "federation_settings_id": {
                "type": "string",
                "description_kind": "plain",
                "required": true
              },
              "id": {
                "type": "string",
                "description_kind": "plain",
                "optional": true,
                "computed": true
              },
              "items_per_page": {
                "type": "number",
                "description_kind": "plain",
                "optional": true
              },
              "org_id": {
                "type": "string",
                "description_kind": "plain",
                "required": true
              },
              "page_num": {
                "type": "number",
                "description_kind": "plain",
                "optional": true
              },
              "results": {
                "type": [
                  "list",
                  [
                    "object",
                    {
                      "external_group_name": "string",
                      "id": "string",
                      "role_assignments": [
                        "list",
                        [
                          "object",
                          {
                            "group_id": "string",
                            "org_id": "string",
                            "role": "string"
                          }
                        ]
                      ]
                    }
                  ]
                ],
                "description_kind": "plain",
                "computed": true
              }
            },
            "description_kind": "plain"
          }
        },
        "mongodbatlas_global_cluster_config": {
          "version": 0,
          "block": {
            "attributes": {
              "cluster_name": {
                "type": "string",
                "description_kind": "plain",
                "required": true
              },
              "custom_zone_mapping": {
                "type": [
                  "map",
                  "string"
                ],
                "description_kind": "plain",
                "computed": true
              },
              "id": {
                "type": "string",
                "description_kind": "plain",
                "optional": true,
                "computed": true
              },
              "project_id": {
                "type": "string",
                "description_kind": "plain",
                "required": true
              }
            },
            "block_types": {
              "managed_namespaces": {
                "nesting_mode": "set",
                "block": {
                  "attributes": {
                    "collection": {
                      "type": "string",
                      "description_kind": "plain",
                      "required": true
                    },
                    "custom_shard_key": {
                      "type": "string",
                      "description_kind": "plain",
                      "required": true
                    },
                    "db": {
                      "type": "string",
                      "description_kind": "plain",
                      "required": true
                    },
                    "is_custom_shard_key_hashed": {
                      "type": "bool",
                      "description_kind": "plain",
                      "optional": true,
                      "computed": true
                    },
                    "is_shard_key_unique": {
                      "type": "bool",
                      "description_kind": "plain",
                      "optional": true,
                      "computed": true
                    }
                  },
                  "description_kind": "plain"
                }
              }
            },
            "description_kind": "plain"
          }
        },
        "mongodbatlas_ldap_configuration": {
          "version": 0,
          "block": {
            "attributes": {
              "authentication_enabled": {
                "type": "bool",
                "description_kind": "plain",
                "computed": true
              },
              "authorization_enabled": {
                "type": "bool",
                "description_kind": "plain",
                "computed": true
              },
              "authz_query_template": {
                "type": "string",
                "description_kind": "plain",
                "computed": true
              },
              "bind_password": {
                "type": "string",
                "description_kind": "plain",
                "computed": true
              },
              "bind_username": {
                "type": "string",
                "description_kind": "plain",
                "computed": true
              },
              "ca_certificate": {
                "type": "string",
                "description_kind": "plain",
                "computed": true
              },
              "hostname": {
                "type": "string",
                "description_kind": "plain",
                "computed": true
              },
              "id": {
                "type": "string",
                "description_kind": "plain",
                "optional": true,
                "computed": true
              },
              "port": {
                "type": "number",
                "description_kind": "plain",
                "computed": true
              },
              "project_id": {
                "type": "string",
                "description_kind": "plain",
                "required": true
              },
              "user_to_dn_mapping": {
                "type": [
                  "list",
                  [
                    "object",
                    {
                      "ldap_query": "string",
                      "match": "string",
                      "substitution": "string"
                    }
                  ]
                ],
                "description_kind": "plain",
                "computed": true
              }
            },
            "description_kind": "plain"
          }
        },
        "mongodbatlas_ldap_verify": {
          "version": 0,
          "block": {
            "attributes": {
              "bind_username": {
                "type": "string",
                "description_kind": "plain",
                "computed": true
              },
              "hostname": {
                "type": "string",
                "description_kind": "plain",
                "computed": true
              },
              "id": {
                "type": "string",
                "description_kind": "plain",
                "optional": true,
                "computed": true
              },
              "links": {
                "type": [
                  "list",
                  [
                    "object",
                    {
                      "href": "string",
                      "rel": "string"
                    }
                  ]
                ],
                "description_kind": "plain",
                "computed": true
              },
              "port": {
                "type": "number",
                "description_kind": "plain",
                "computed": true
              },
              "project_id": {
                "type": "string",
                "description_kind": "plain",
                "required": true
              },
              "request_id": {
                "type": "string",
                "description_kind": "plain",
                "required": true
              },
              "status": {
                "type": "string",
                "description_kind": "plain",
                "computed": true
              },
              "validations": {
                "type": [
                  "list",
                  [
                    "object",
                    {
                      "status": "string",
                      "validation_type": "string"
                    }
                  ]
                ],
                "description_kind": "plain",
                "computed": true
              }
            },
            "description_kind": "plain"
          }
        },
        "mongodbatlas_maintenance_window": {
          "version": 0,
          "block": {
            "attributes": {
              "auto_defer_once_enabled": {
                "type": "bool",
                "description_kind": "plain",
                "computed": true
              },
              "day_of_week": {
                "type": "number",
                "description_kind": "plain",
                "computed": true
              },
              "hour_of_day": {
                "type": "number",
                "description_kind": "plain",
                "computed": true
              },
              "id": {
                "type": "string",
                "description_kind": "plain",
                "optional": true,
                "computed": true
              },
              "number_of_deferrals": {
                "type": "number",
                "description_kind": "plain",
                "computed": true
              },
              "project_id": {
                "type": "string",
                "description_kind": "plain",
                "required": true
              },
              "start_asap": {
                "type": "bool",
                "description_kind": "plain",
                "computed": true
              }
            },
            "description_kind": "plain"
          }
        },
        "mongodbatlas_network_container": {
          "version": 0,
          "block": {
            "attributes": {
              "atlas_cidr_block": {
                "type": "string",
                "description_kind": "plain",
                "computed": true
              },
              "azure_subscription_id": {
                "type": "string",
                "description_kind": "plain",
                "computed": true
              },
              "container_id": {
                "type": "string",
                "description_kind": "plain",
                "required": true
              },
              "gcp_project_id": {
                "type": "string",
                "description_kind": "plain",
                "computed": true
              },
              "id": {
                "type": "string",
                "description_kind": "plain",
                "optional": true,
                "computed": true
              },
              "network_name": {
                "type": "string",
                "description_kind": "plain",
                "computed": true
              },
              "project_id": {
                "type": "string",
                "description_kind": "plain",
                "required": true
              },
              "provider_name": {
                "type": "string",
                "description_kind": "plain",
                "computed": true
              },
              "provisioned": {
                "type": "bool",
                "description_kind": "plain",
                "computed": true
              },
              "region": {
                "type": "string",
                "description_kind": "plain",
                "computed": true
              },
              "region_name": {
                "type": "string",
                "description_kind": "plain",
                "computed": true
              },
              "regions": {
                "type": [
                  "list",
                  "string"
                ],
                "description_kind": "plain",
                "computed": true
              },
              "vnet_name": {
                "type": "string",
                "description_kind": "plain",
                "computed": true
              },
              "vpc_id": {
                "type": "string",
                "description_kind": "plain",
                "computed": true
              }
            },
            "description_kind": "plain"
          }
        },
        "mongodbatlas_network_containers": {
          "version": 0,
          "block": {
            "attributes": {
              "id": {
                "type": "string",
                "description_kind": "plain",
                "optional": true,
                "computed": true
              },
              "project_id": {
                "type": "string",
                "description_kind": "plain",
                "required": true
              },
              "provider_name": {
                "type": "string",
                "description_kind": "plain",
                "required": true
              },
              "results": {
                "type": [
                  "list",
                  [
                    "object",
                    {
                      "atlas_cidr_block": "string",
                      "azure_subscription_id": "string",
                      "gcp_project_id": "string",
                      "id": "string",
                      "network_name": "string",
                      "provider_name": "string",
                      "provisioned": "bool",
                      "region": "string",
                      "region_name": "string",
                      "regions": [
                        "list",
                        "string"
                      ],
                      "vnet_name": "string",
                      "vpc_id": "string"
                    }
                  ]
                ],
                "description_kind": "plain",
                "computed": true
              }
            },
            "description_kind": "plain"
          }
        },
        "mongodbatlas_network_peering": {
          "version": 0,
          "block": {
            "attributes": {
              "accepter_region_name": {
                "type": "string",
                "description_kind": "plain",
                "computed": true
              },
              "atlas_cidr_block": {
                "type": "string",
                "description_kind": "plain",
                "computed": true
              },
              "atlas_id": {
                "type": "string",
                "description_kind": "plain",
                "computed": true
              },
              "aws_account_id": {
                "type": "string",
                "description_kind": "plain",
                "computed": true
              },
              "azure_directory_id": {
                "type": "string",
                "description_kind": "plain",
                "computed": true
              },
              "azure_subscription_id": {
                "type": "string",
                "description_kind": "plain",
                "computed": true
              },
              "connection_id": {
                "type": "string",
                "description_kind": "plain",
                "computed": true
              },
              "container_id": {
                "type": "string",
                "description_kind": "plain",
                "computed": true
              },
              "error_message": {
                "type": "string",
                "description_kind": "plain",
                "computed": true
              },
              "error_state": {
                "type": "string",
                "description_kind": "plain",
                "computed": true
              },
              "error_state_name": {
                "type": "string",
                "description_kind": "plain",
                "computed": true
              },
              "gcp_project_id": {
                "type": "string",
                "description_kind": "plain",
                "computed": true
              },
              "id": {
                "type": "string",
                "description_kind": "plain",
                "optional": true,
                "computed": true
              },
              "network_name": {
                "type": "string",
                "description_kind": "plain",
                "computed": true
              },
              "peering_id": {
                "type": "string",
                "description_kind": "plain",
                "required": true
              },
              "project_id": {
                "type": "string",
                "description_kind": "plain",
                "required": true
              },
              "provider_name": {
                "type": "string",
                "description_kind": "plain",
                "computed": true
              },
              "resource_group_name": {
                "type": "string",
                "description_kind": "plain",
                "computed": true
              },
              "route_table_cidr_block": {
                "type": "string",
                "description_kind": "plain",
                "computed": true
              },
              "status": {
                "type": "string",
                "description_kind": "plain",
                "computed": true
              },
              "status_name": {
                "type": "string",
                "description_kind": "plain",
                "computed": true
              },
              "vnet_name": {
                "type": "string",
                "description_kind": "plain",
                "computed": true
              },
              "vpc_id": {
                "type": "string",
                "description_kind": "plain",
                "computed": true
              }
            },
            "description_kind": "plain"
          }
        },
        "mongodbatlas_network_peerings": {
          "version": 0,
          "block": {
            "attributes": {
              "id": {
                "type": "string",
                "description_kind": "plain",
                "optional": true,
                "computed": true
              },
              "project_id": {
                "type": "string",
                "description_kind": "plain",
                "required": true
              },
              "results": {
                "type": [
                  "list",
                  [
                    "object",
                    {
                      "accepter_region_name": "string",
                      "atlas_cidr_block": "string",
                      "aws_account_id": "string",
                      "azure_directory_id": "string",
                      "azure_subscription_id": "string",
                      "connection_id": "string",
                      "container_id": "string",
                      "error_message": "string",
                      "error_state": "string",
                      "error_state_name": "string",
                      "gcp_project_id": "string",
                      "network_name": "string",
                      "peering_id": "string",
                      "provider_name": "string",
                      "resource_group_name": "string",
                      "route_table_cidr_block": "string",
                      "status": "string",
                      "status_name": "string",
                      "vnet_name": "string",
                      "vpc_id": "string"
                    }
                  ]
                ],
                "description_kind": "plain",
                "computed": true
              }
            },
            "description_kind": "plain"
          }
        },
        "mongodbatlas_online_archive": {
          "version": 0,
          "block": {
            "attributes": {
              "archive_id": {
                "type": "string",
                "description_kind": "plain",
                "required": true
              },
              "cluster_name": {
                "type": "string",
                "description_kind": "plain",
                "required": true
              },
              "coll_name": {
                "type": "string",
                "description_kind": "plain",
                "computed": true
              },
              "collection_type": {
                "type": "string",
                "description_kind": "plain",
                "computed": true
              },
              "criteria": {
                "type": [
                  "list",
                  [
                    "object",
                    {
                      "date_field": "string",
                      "date_format": "string",
                      "expire_after_days": "number",
                      "query": "string",
                      "type": "string"
                    }
                  ]
                ],
                "description_kind": "plain",
                "computed": true
              },
              "db_name": {
                "type": "string",
                "description_kind": "plain",
                "computed": true
              },
              "id": {
                "type": "string",
                "description_kind": "plain",
                "optional": true,
                "computed": true
              },
              "partition_fields": {
                "type": [
                  "list",
                  [
                    "object",
                    {
                      "field_name": "string",
                      "field_type": "string",
                      "order": "number"
                    }
                  ]
                ],
                "description_kind": "plain",
                "computed": true
              },
              "paused": {
                "type": "bool",
                "description_kind": "plain",
                "computed": true
              },
              "project_id": {
                "type": "string",
                "description_kind": "plain",
                "required": true
              },
              "state": {
                "type": "string",
                "description_kind": "plain",
                "computed": true
              }
            },
            "description_kind": "plain"
          }
        },
        "mongodbatlas_online_archives": {
          "version": 0,
          "block": {
            "attributes": {
              "cluster_name": {
                "type": "string",
                "description_kind": "plain",
                "required": true
              },
              "id": {
                "type": "string",
                "description_kind": "plain",
                "optional": true,
                "computed": true
              },
              "project_id": {
                "type": "string",
                "description_kind": "plain",
                "required": true
              },
              "results": {
                "type": [
                  "list",
                  [
                    "object",
                    {
                      "archive_id": "string",
                      "cluster_name": "string",
                      "coll_name": "string",
                      "collection_type": "string",
                      "criteria": [
                        "list",
                        [
                          "object",
                          {
                            "date_field": "string",
                            "date_format": "string",
                            "expire_after_days": "number",
                            "query": "string",
                            "type": "string"
                          }
                        ]
                      ],
                      "db_name": "string",
                      "partition_fields": [
                        "list",
                        [
                          "object",
                          {
                            "field_name": "string",
                            "field_type": "string",
                            "order": "number"
                          }
                        ]
                      ],
                      "paused": "bool",
                      "project_id": "string",
                      "state": "string"
                    }
                  ]
                ],
                "description_kind": "plain",
                "computed": true
              },
              "total_count": {
                "type": "number",
                "description_kind": "plain",
                "computed": true
              }
            },
            "description_kind": "plain"
          }
        },
        "mongodbatlas_org_invitation": {
          "version": 0,
          "block": {
            "attributes": {
              "created_at": {
                "type": "string",
                "description_kind": "plain",
                "computed": true
              },
              "expires_at": {
                "type": "string",
                "description_kind": "plain",
                "computed": true
              },
              "id": {
                "type": "string",
                "description_kind": "plain",
                "optional": true,
                "computed": true
              },
              "invitation_id": {
                "type": "string",
                "description_kind": "plain",
                "required": true
              },
              "inviter_username": {
                "type": "string",
                "description_kind": "plain",
                "computed": true
              },
              "org_id": {
                "type": "string",
                "description_kind": "plain",
                "required": true
              },
              "roles": {
                "type": [
                  "set",
                  "string"
                ],
                "description_kind": "plain",
                "computed": true
              },
              "teams_ids": {
                "type": [
                  "set",
                  "string"
                ],
                "description_kind": "plain",
                "computed": true
              },
              "username": {
                "type": "string",
                "description_kind": "plain",
                "required": true
              }
            },
            "description_kind": "plain"
          }
        },
        "mongodbatlas_private_endpoint_regional_mode": {
          "version": 0,
          "block": {
            "attributes": {
              "enabled": {
                "type": "bool",
                "description_kind": "plain",
                "optional": true
              },
              "id": {
                "type": "string",
                "description_kind": "plain",
                "optional": true,
                "computed": true
              },
              "project_id": {
                "type": "string",
                "description_kind": "plain",
                "required": true
              }
            },
            "description_kind": "plain"
          }
        },
        "mongodbatlas_privatelink_endpoint": {
          "version": 0,
          "block": {
            "attributes": {
              "endpoint_group_names": {
                "type": [
                  "list",
                  "string"
                ],
                "description_kind": "plain",
                "computed": true
              },
              "endpoint_service_name": {
                "type": "string",
                "description_kind": "plain",
                "computed": true
              },
              "error_message": {
                "type": "string",
                "description_kind": "plain",
                "computed": true
              },
              "id": {
                "type": "string",
                "description_kind": "plain",
                "optional": true,
                "computed": true
              },
              "interface_endpoints": {
                "type": [
                  "list",
                  "string"
                ],
                "description_kind": "plain",
                "computed": true
              },
              "private_endpoints": {
                "type": [
                  "list",
                  "string"
                ],
                "description_kind": "plain",
                "computed": true
              },
              "private_link_id": {
                "type": "string",
                "description_kind": "plain",
                "required": true
              },
              "private_link_service_name": {
                "type": "string",
                "description_kind": "plain",
                "computed": true
              },
              "private_link_service_resource_id": {
                "type": "string",
                "description_kind": "plain",
                "computed": true
              },
              "project_id": {
                "type": "string",
                "description_kind": "plain",
                "required": true
              },
              "provider_name": {
                "type": "string",
                "description_kind": "plain",
                "required": true
              },
              "region_name": {
                "type": "string",
                "description_kind": "plain",
                "computed": true
              },
              "service_attachment_names": {
                "type": [
                  "list",
                  "string"
                ],
                "description_kind": "plain",
                "computed": true
              },
              "status": {
                "type": "string",
                "description_kind": "plain",
                "computed": true
              }
            },
            "description_kind": "plain"
          }
        },
        "mongodbatlas_privatelink_endpoint_service": {
          "version": 0,
          "block": {
            "attributes": {
              "aws_connection_status": {
                "type": "string",
                "description_kind": "plain",
                "computed": true
              },
              "azure_status": {
                "type": "string",
                "description_kind": "plain",
                "computed": true
              },
              "delete_requested": {
                "type": "bool",
                "description_kind": "plain",
                "computed": true
              },
              "endpoint_service_id": {
                "type": "string",
                "description_kind": "plain",
                "required": true
              },
              "endpoints": {
                "type": [
                  "list",
                  [
                    "object",
                    {
                      "endpoint_name": "string",
                      "ip_address": "string",
                      "service_attachment_name": "string",
                      "status": "string"
                    }
                  ]
                ],
                "description_kind": "plain",
                "computed": true
              },
              "error_message": {
                "type": "string",
                "description_kind": "plain",
                "computed": true
              },
              "gcp_status": {
                "type": "string",
                "description_kind": "plain",
                "computed": true
              },
              "id": {
                "type": "string",
                "description_kind": "plain",
                "optional": true,
                "computed": true
              },
              "interface_endpoint_id": {
                "type": "string",
                "description_kind": "plain",
                "computed": true
              },
              "private_endpoint_connection_name": {
                "type": "string",
                "description_kind": "plain",
                "computed": true
              },
              "private_endpoint_ip_address": {
                "type": "string",
                "description_kind": "plain",
                "computed": true
              },
              "private_endpoint_resource_id": {
                "type": "string",
                "description_kind": "plain",
                "computed": true
              },
              "private_link_id": {
                "type": "string",
                "description_kind": "plain",
                "required": true
              },
              "project_id": {
                "type": "string",
                "description_kind": "plain",
                "required": true
              },
              "provider_name": {
                "type": "string",
                "description_kind": "plain",
                "required": true
              }
            },
            "description_kind": "plain"
          }
        },
        "mongodbatlas_privatelink_endpoint_service_adl": {
          "version": 0,
          "block": {
            "attributes": {
              "comment": {
                "type": "string",
                "description_kind": "plain",
                "computed": true
              },
              "endpoint_id": {
                "type": "string",
                "description_kind": "plain",
                "required": true
              },
              "id": {
                "type": "string",
                "description_kind": "plain",
                "optional": true,
                "computed": true
              },
              "project_id": {
                "type": "string",
                "description_kind": "plain",
                "required": true
              },
              "provider_name": {
                "type": "string",
                "description_kind": "plain",
                "computed": true
              },
              "type": {
                "type": "string",
                "description_kind": "plain",
                "computed": true
              }
            },
            "description_kind": "plain"
          }
        },
        "mongodbatlas_privatelink_endpoint_service_serverless": {
          "version": 0,
          "block": {
            "attributes": {
              "cloud_provider_endpoint_id": {
                "type": "string",
                "description_kind": "plain",
                "computed": true
              },
              "comment": {
                "type": "string",
                "description_kind": "plain",
                "computed": true
              },
              "endpoint_id": {
                "type": "string",
                "description_kind": "plain",
                "required": true
              },
              "endpoint_service_name": {
                "type": "string",
                "description_kind": "plain",
                "computed": true
              },
              "error_message": {
                "type": "string",
                "description_kind": "plain",
                "computed": true
              },
              "id": {
                "type": "string",
                "description_kind": "plain",
                "optional": true,
                "computed": true
              },
              "instance_name": {
                "type": "string",
                "description_kind": "plain",
                "required": true
              },
              "private_endpoint_ip_address": {
                "type": "string",
                "description_kind": "plain",
                "computed": true
              },
              "private_link_service_resource_id": {
                "type": "string",
                "description_kind": "plain",
                "computed": true
              },
              "project_id": {
                "type": "string",
                "description_kind": "plain",
                "required": true
              },
              "status": {
                "type": "string",
                "description_kind": "plain",
                "computed": true
              }
            },
            "description_kind": "plain"
          }
        },
        "mongodbatlas_privatelink_endpoints_service_adl": {
          "version": 0,
          "block": {
            "attributes": {
              "id": {
                "type": "string",
                "description_kind": "plain",
                "optional": true,
                "computed": true
              },
              "links": {
                "type": [
                  "list",
                  [
                    "object",
                    {
                      "href": "string",
                      "rel": "string"
                    }
                  ]
                ],
                "description_kind": "plain",
                "computed": true
              },
              "project_id": {
                "type": "string",
                "description_kind": "plain",
                "required": true
              },
              "results": {
                "type": [
                  "list",
                  [
                    "object",
                    {
                      "comment": "string",
                      "endpoint_id": "string",
                      "provider_name": "string",
                      "type": "string"
                    }
                  ]
                ],
                "description_kind": "plain",
                "computed": true
              },
              "total_count": {
                "type": "number",
                "description_kind": "plain",
                "computed": true
              }
            },
            "description_kind": "plain"
          }
        },
        "mongodbatlas_privatelink_endpoints_service_serverless": {
          "version": 0,
          "block": {
            "attributes": {
              "id": {
                "type": "string",
                "description_kind": "plain",
                "optional": true,
                "computed": true
              },
              "instance_name": {
                "type": "string",
                "description_kind": "plain",
                "required": true
              },
              "items_per_page": {
                "type": "number",
                "description_kind": "plain",
                "optional": true
              },
              "page_num": {
                "type": "number",
                "description_kind": "plain",
                "optional": true
              },
              "project_id": {
                "type": "string",
                "description_kind": "plain",
                "required": true
              },
              "results": {
                "type": [
                  "list",
                  [
                    "object",
                    {
                      "cloud_provider_endpoint_id": "string",
                      "comment": "string",
                      "endpoint_id": "string",
                      "endpoint_service_name": "string",
                      "error_message": "string",
                      "private_endpoint_ip_address": "string",
                      "private_link_service_resource_id": "string",
                      "status": "string"
                    }
                  ]
                ],
                "description_kind": "plain",
                "computed": true
              }
            },
            "description_kind": "plain"
          }
        },
        "mongodbatlas_project": {
          "version": 0,
          "block": {
            "attributes": {
              "api_keys": {
                "type": [
                  "list",
                  [
                    "object",
                    {
                      "api_key_id": "string",
                      "role_names": [
                        "list",
                        "string"
                      ]
                    }
                  ]
                ],
                "description_kind": "plain",
                "computed": true
              },
              "cluster_count": {
                "type": "number",
                "description_kind": "plain",
                "computed": true
              },
              "created": {
                "type": "string",
                "description_kind": "plain",
                "computed": true
              },
              "id": {
                "type": "string",
                "description_kind": "plain",
                "optional": true,
                "computed": true
              },
              "is_collect_database_specifics_statistics_enabled": {
                "type": "bool",
                "description_kind": "plain",
                "computed": true
              },
              "is_data_explorer_enabled": {
                "type": "bool",
                "description_kind": "plain",
                "computed": true
              },
              "is_performance_advisor_enabled": {
                "type": "bool",
                "description_kind": "plain",
                "computed": true
              },
              "is_realtime_performance_panel_enabled": {
                "type": "bool",
                "description_kind": "plain",
                "computed": true
              },
              "is_schema_advisor_enabled": {
                "type": "bool",
                "description_kind": "plain",
                "computed": true
              },
              "name": {
                "type": "string",
                "description_kind": "plain",
                "optional": true
              },
              "org_id": {
                "type": "string",
                "description_kind": "plain",
                "computed": true
              },
              "project_id": {
                "type": "string",
                "description_kind": "plain",
                "optional": true
              },
              "region_usage_restrictions": {
                "type": "string",
                "description_kind": "plain",
                "computed": true
              },
              "teams": {
                "type": [
                  "list",
                  [
                    "object",
                    {
                      "role_names": [
                        "list",
                        "string"
                      ],
                      "team_id": "string"
                    }
                  ]
                ],
                "description_kind": "plain",
                "computed": true
              }
            },
            "description_kind": "plain"
          }
        },
        "mongodbatlas_project_api_key": {
          "version": 0,
          "block": {
            "attributes": {
              "api_key_id": {
                "type": "string",
                "description_kind": "plain",
                "required": true
              },
              "description": {
                "type": "string",
                "description_kind": "plain",
                "computed": true
              },
              "id": {
                "type": "string",
                "description_kind": "plain",
                "optional": true,
                "computed": true
              },
              "private_key": {
                "type": "string",
                "description_kind": "plain",
                "computed": true
              },
              "project_id": {
                "type": "string",
                "description_kind": "plain",
                "required": true
              },
              "public_key": {
                "type": "string",
                "description_kind": "plain",
                "computed": true
              },
              "role_names": {
                "type": [
                  "set",
                  "string"
                ],
                "description_kind": "plain",
                "computed": true
              }
            },
            "description_kind": "plain"
          }
        },
        "mongodbatlas_project_api_keys": {
          "version": 0,
          "block": {
            "attributes": {
              "id": {
                "type": "string",
                "description_kind": "plain",
                "optional": true,
                "computed": true
              },
              "items_per_page": {
                "type": "number",
                "description_kind": "plain",
                "optional": true
              },
              "page_num": {
                "type": "number",
                "description_kind": "plain",
                "optional": true
              },
              "project_id": {
                "type": "string",
                "description_kind": "plain",
                "required": true
              },
              "results": {
                "type": [
                  "list",
                  [
                    "object",
                    {
                      "api_key_id": "string",
                      "description": "string",
                      "private_key": "string",
                      "public_key": "string",
                      "role_names": [
                        "set",
                        "string"
                      ]
                    }
                  ]
                ],
                "description_kind": "plain",
                "computed": true
              }
            },
            "description_kind": "plain"
          }
        },
        "mongodbatlas_project_invitation": {
          "version": 0,
          "block": {
            "attributes": {
              "created_at": {
                "type": "string",
                "description_kind": "plain",
                "computed": true
              },
              "expires_at": {
                "type": "string",
                "description_kind": "plain",
                "computed": true
              },
              "id": {
                "type": "string",
                "description_kind": "plain",
                "optional": true,
                "computed": true
              },
              "invitation_id": {
                "type": "string",
                "description_kind": "plain",
                "required": true
              },
              "inviter_username": {
                "type": "string",
                "description_kind": "plain",
                "computed": true
              },
              "project_id": {
                "type": "string",
                "description_kind": "plain",
                "required": true
              },
              "roles": {
                "type": [
                  "set",
                  "string"
                ],
                "description_kind": "plain",
                "computed": true
              },
              "username": {
                "type": "string",
                "description_kind": "plain",
                "required": true
              }
            },
            "description_kind": "plain"
          }
        },
        "mongodbatlas_project_ip_access_list": {
          "version": 0,
          "block": {
            "attributes": {
              "aws_security_group": {
                "type": "string",
                "description_kind": "plain",
                "optional": true,
                "computed": true
              },
              "cidr_block": {
                "type": "string",
                "description_kind": "plain",
                "optional": true,
                "computed": true
              },
              "comment": {
                "type": "string",
                "description_kind": "plain",
                "computed": true
              },
              "id": {
                "type": "string",
                "description_kind": "plain",
                "optional": true,
                "computed": true
              },
              "ip_address": {
                "type": "string",
                "description_kind": "plain",
                "optional": true,
                "computed": true
              },
              "project_id": {
                "type": "string",
                "description_kind": "plain",
                "required": true
              }
            },
            "description_kind": "plain"
          }
        },
        "mongodbatlas_projects": {
          "version": 0,
          "block": {
            "attributes": {
              "id": {
                "type": "string",
                "description_kind": "plain",
                "optional": true,
                "computed": true
              },
              "items_per_page": {
                "type": "number",
                "description_kind": "plain",
                "optional": true
              },
              "page_num": {
                "type": "number",
                "description_kind": "plain",
                "optional": true
              },
              "results": {
                "type": [
                  "list",
                  [
                    "object",
                    {
                      "api_keys": [
                        "list",
                        [
                          "object",
                          {
                            "api_key_id": "string",
                            "role_names": [
                              "list",
                              "string"
                            ]
                          }
                        ]
                      ],
                      "cluster_count": "number",
                      "created": "string",
                      "id": "string",
                      "is_collect_database_specifics_statistics_enabled": "bool",
                      "is_data_explorer_enabled": "bool",
                      "is_performance_advisor_enabled": "bool",
                      "is_realtime_performance_panel_enabled": "bool",
                      "is_schema_advisor_enabled": "bool",
                      "name": "string",
                      "org_id": "string",
                      "region_usage_restrictions": "string",
                      "teams": [
                        "list",
                        [
                          "object",
                          {
                            "role_names": [
                              "list",
                              "string"
                            ],
                            "team_id": "string"
                          }
                        ]
                      ]
                    }
                  ]
                ],
                "description_kind": "plain",
                "computed": true
              },
              "total_count": {
                "type": "number",
                "description_kind": "plain",
                "computed": true
              }
            },
            "description_kind": "plain"
          }
        },
        "mongodbatlas_roles_org_id": {
          "version": 0,
          "block": {
            "attributes": {
              "id": {
                "type": "string",
                "description_kind": "plain",
                "optional": true,
                "computed": true
              },
              "org_id": {
                "type": "string",
                "description_kind": "plain",
                "computed": true
              }
            },
            "description_kind": "plain"
          }
        },
        "mongodbatlas_search_index": {
          "version": 0,
          "block": {
            "attributes": {
              "analyzer": {
                "type": "string",
                "description_kind": "plain",
                "optional": true
              },
              "analyzers": {
                "type": "string",
                "description_kind": "plain",
                "optional": true
              },
              "cluster_name": {
                "type": "string",
                "description_kind": "plain",
                "required": true
              },
              "collection_name": {
                "type": "string",
                "description_kind": "plain",
                "optional": true
              },
              "database": {
                "type": "string",
                "description_kind": "plain",
                "optional": true
              },
              "id": {
                "type": "string",
                "description_kind": "plain",
                "optional": true,
                "computed": true
              },
              "index_id": {
                "type": "string",
                "description_kind": "plain",
                "required": true
              },
              "mappings_dynamic": {
                "type": "bool",
                "description_kind": "plain",
                "optional": true
              },
              "mappings_fields": {
                "type": "string",
                "description_kind": "plain",
                "optional": true
              },
              "name": {
                "type": "string",
                "description_kind": "plain",
                "optional": true
              },
              "project_id": {
                "type": "string",
                "description_kind": "plain",
                "required": true
              },
              "search_analyzer": {
                "type": "string",
                "description_kind": "plain",
                "optional": true
              },
              "status": {
                "type": "string",
                "description_kind": "plain",
                "optional": true,
                "computed": true
              },
              "synonyms": {
                "type": [
                  "set",
                  [
                    "object",
                    {
                      "analyzer": "string",
                      "name": "string",
                      "source_collection": "string"
                    }
                  ]
                ],
                "description_kind": "plain",
                "computed": true
              }
            },
            "description_kind": "plain"
          }
        },
        "mongodbatlas_search_indexes": {
          "version": 0,
          "block": {
            "attributes": {
              "cluster_name": {
                "type": "string",
                "description_kind": "plain",
                "required": true
              },
              "collection_name": {
                "type": "string",
                "description_kind": "plain",
                "required": true
              },
              "database": {
                "type": "string",
                "description_kind": "plain",
                "required": true
              },
              "id": {
                "type": "string",
                "description_kind": "plain",
                "optional": true,
                "computed": true
              },
              "items_per_page": {
                "type": "number",
                "description_kind": "plain",
                "optional": true
              },
              "page_num": {
                "type": "number",
                "description_kind": "plain",
                "optional": true
              },
              "project_id": {
                "type": "string",
                "description_kind": "plain",
                "required": true
              },
              "results": {
                "type": [
                  "list",
                  [
                    "object",
                    {
                      "analyzer": "string",
                      "analyzers": "string",
                      "cluster_name": "string",
                      "collection_name": "string",
                      "database": "string",
                      "index_id": "string",
                      "mappings_dynamic": "bool",
                      "mappings_fields": "string",
                      "name": "string",
                      "project_id": "string",
                      "search_analyzer": "string",
                      "status": "string",
                      "synonyms": [
                        "set",
                        [
                          "object",
                          {
                            "analyzer": "string",
                            "name": "string",
                            "source_collection": "string"
                          }
                        ]
                      ],
                      "wait_for_index_build_completion": "bool"
                    }
                  ]
                ],
                "description_kind": "plain",
                "computed": true
              },
              "total_count": {
                "type": "number",
                "description_kind": "plain",
                "computed": true
              }
            },
            "description_kind": "plain"
          }
        },
        "mongodbatlas_serverless_instance": {
          "version": 0,
          "block": {
            "attributes": {
              "connection_strings_private_endpoint_srv": {
                "type": [
                  "list",
                  "string"
                ],
                "description_kind": "plain",
                "computed": true
              },
              "connection_strings_standard_srv": {
                "type": "string",
                "description_kind": "plain",
                "computed": true
              },
              "continuous_backup_enabled": {
                "type": "bool",
                "description_kind": "plain",
                "optional": true,
                "computed": true
              },
              "create_date": {
                "type": "string",
                "description_kind": "plain",
                "computed": true
              },
              "id": {
                "type": "string",
                "description_kind": "plain",
                "computed": true
              },
              "mongo_db_version": {
                "type": "string",
                "description_kind": "plain",
                "computed": true
              },
              "name": {
                "type": "string",
                "description_kind": "plain",
                "required": true
              },
              "project_id": {
                "type": "string",
                "description_kind": "plain",
                "required": true
              },
              "provider_settings_backing_provider_name": {
                "type": "string",
                "description_kind": "plain",
                "computed": true
              },
              "provider_settings_provider_name": {
                "type": "string",
                "description_kind": "plain",
                "computed": true
              },
              "provider_settings_region_name": {
                "type": "string",
                "description_kind": "plain",
                "computed": true
              },
              "state_name": {
                "type": "string",
                "description_kind": "plain",
                "optional": true,
                "computed": true
              },
              "termination_protection_enabled": {
                "type": "bool",
                "description_kind": "plain",
                "computed": true
              }
            },
            "block_types": {
              "links": {
                "nesting_mode": "set",
                "block": {
                  "attributes": {
                    "href": {
                      "type": "string",
                      "description_kind": "plain",
                      "computed": true
                    },
                    "rel": {
                      "type": "string",
                      "description_kind": "plain",
                      "computed": true
                    }
                  },
                  "description_kind": "plain"
                }
              }
            },
            "description_kind": "plain"
          }
        },
        "mongodbatlas_serverless_instances": {
          "version": 0,
          "block": {
            "attributes": {
              "id": {
                "type": "string",
                "description_kind": "plain",
                "optional": true,
                "computed": true
              },
              "project_id": {
                "type": "string",
                "description_kind": "plain",
                "required": true
              },
              "results": {
                "type": [
                  "list",
                  [
                    "object",
                    {
                      "connection_strings_private_endpoint_srv": [
                        "list",
                        "string"
                      ],
                      "connection_strings_standard_srv": "string",
                      "continuous_backup_enabled": "bool",
                      "create_date": "string",
                      "id": "string",
                      "links": [
                        "set",
                        [
                          "object",
                          {
                            "href": "string",
                            "rel": "string"
                          }
                        ]
                      ],
                      "mongo_db_version": "string",
                      "name": "string",
                      "project_id": "string",
                      "provider_settings_backing_provider_name": "string",
                      "provider_settings_provider_name": "string",
                      "provider_settings_region_name": "string",
                      "state_name": "string",
                      "termination_protection_enabled": "bool"
                    }
                  ]
                ],
                "description_kind": "plain",
                "computed": true
              }
            },
            "description_kind": "plain"
          }
        },
        "mongodbatlas_team": {
          "version": 0,
          "block": {
            "attributes": {
              "id": {
                "type": "string",
                "description_kind": "plain",
                "optional": true,
                "computed": true
              },
              "name": {
                "type": "string",
                "description_kind": "plain",
                "optional": true,
                "computed": true
              },
              "org_id": {
                "type": "string",
                "description_kind": "plain",
                "required": true
              },
              "team_id": {
                "type": "string",
                "description_kind": "plain",
                "optional": true,
                "computed": true
              },
              "usernames": {
                "type": [
                  "set",
                  "string"
                ],
                "description_kind": "plain",
                "computed": true
              }
            },
            "description_kind": "plain"
          }
        },
        "mongodbatlas_teams": {
          "version": 0,
          "block": {
            "attributes": {
              "id": {
                "type": "string",
                "description_kind": "plain",
                "optional": true,
                "computed": true
              },
              "name": {
                "type": "string",
                "description_kind": "plain",
                "optional": true,
                "computed": true
              },
              "org_id": {
                "type": "string",
                "description_kind": "plain",
                "required": true
              },
              "team_id": {
                "type": "string",
                "description_kind": "plain",
                "optional": true,
                "computed": true
              },
              "usernames": {
                "type": [
                  "set",
                  "string"
                ],
                "description_kind": "plain",
                "computed": true
              }
            },
            "description_kind": "plain"
          }
        },
        "mongodbatlas_third_party_integration": {
          "version": 0,
          "block": {
            "attributes": {
              "account_id": {
                "type": "string",
                "description_kind": "plain",
                "computed": true
              },
              "api_key": {
                "type": "string",
                "description_kind": "plain",
                "computed": true,
                "sensitive": true
              },
              "api_token": {
                "type": "string",
                "description_kind": "plain",
                "computed": true,
                "sensitive": true
              },
              "channel_name": {
                "type": "string",
                "description_kind": "plain",
                "computed": true
              },
              "enabled": {
                "type": "bool",
                "description_kind": "plain",
                "optional": true
              },
              "flow_name": {
                "type": "string",
                "description_kind": "plain",
                "computed": true
              },
              "id": {
                "type": "string",
                "description_kind": "plain",
                "optional": true,
                "computed": true
              },
              "license_key": {
                "type": "string",
                "description_kind": "plain",
                "computed": true,
                "sensitive": true
              },
              "microsoft_teams_webhook_url": {
                "type": "string",
                "description_kind": "plain",
                "optional": true,
                "sensitive": true
              },
              "org_name": {
                "type": "string",
                "description_kind": "plain",
                "computed": true
              },
              "project_id": {
                "type": "string",
                "description_kind": "plain",
                "required": true
              },
              "read_token": {
                "type": "string",
                "description_kind": "plain",
                "computed": true,
                "sensitive": true
              },
              "region": {
                "type": "string",
                "description_kind": "plain",
                "computed": true
              },
              "routing_key": {
                "type": "string",
                "description_kind": "plain",
                "computed": true,
                "sensitive": true
              },
              "scheme": {
                "type": "string",
                "description_kind": "plain",
                "optional": true
              },
              "secret": {
                "type": "string",
                "description_kind": "plain",
                "computed": true,
                "sensitive": true
              },
              "service_discovery": {
                "type": "string",
                "description_kind": "plain",
                "optional": true,
                "sensitive": true
              },
              "service_key": {
                "type": "string",
                "description_kind": "plain",
                "computed": true,
                "sensitive": true
              },
              "team_name": {
                "type": "string",
                "description_kind": "plain",
                "computed": true
              },
              "type": {
                "type": "string",
                "description": "Third-party service integration identifier",
                "description_kind": "plain",
                "required": true
              },
              "url": {
                "type": "string",
                "description_kind": "plain",
                "computed": true
              },
              "user_name": {
                "type": "string",
                "description_kind": "plain",
                "optional": true,
                "sensitive": true
              },
              "write_token": {
                "type": "string",
                "description_kind": "plain",
                "computed": true,
                "sensitive": true
              }
            },
            "description_kind": "plain"
          }
        },
        "mongodbatlas_third_party_integrations": {
          "version": 0,
          "block": {
            "attributes": {
              "id": {
                "type": "string",
                "description_kind": "plain",
                "optional": true,
                "computed": true
              },
              "project_id": {
                "type": "string",
                "description_kind": "plain",
                "required": true
              },
              "results": {
                "type": [
                  "list",
                  [
                    "object",
                    {
                      "account_id": "string",
                      "api_key": "string",
                      "api_token": "string",
                      "channel_name": "string",
                      "enabled": "bool",
                      "flow_name": "string",
                      "license_key": "string",
                      "microsoft_teams_webhook_url": "string",
                      "org_name": "string",
                      "project_id": "string",
                      "read_token": "string",
                      "region": "string",
                      "routing_key": "string",
                      "scheme": "string",
                      "secret": "string",
                      "service_discovery": "string",
                      "service_key": "string",
                      "team_name": "string",
                      "type": "string",
                      "url": "string",
                      "user_name": "string",
                      "write_token": "string"
                    }
                  ]
                ],
                "description_kind": "plain",
                "computed": true
              }
            },
            "description_kind": "plain"
          }
        },
        "mongodbatlas_x509_authentication_database_user": {
          "version": 0,
          "block": {
            "attributes": {
              "certificates": {
                "type": [
                  "list",
                  [
                    "object",
                    {
                      "created_at": "string",
                      "group_id": "string",
                      "id": "number",
                      "not_after": "string",
                      "subject": "string"
                    }
                  ]
                ],
                "description_kind": "plain",
                "computed": true
              },
              "customer_x509_cas": {
                "type": "string",
                "description_kind": "plain",
                "computed": true,
                "sensitive": true
              },
              "id": {
                "type": "string",
                "description_kind": "plain",
                "optional": true,
                "computed": true
              },
              "project_id": {
                "type": "string",
                "description_kind": "plain",
                "required": true
              },
              "username": {
                "type": "string",
                "description_kind": "plain",
                "optional": true
              }
            },
            "description_kind": "plain"
          }
        }
      }
    }
  }
}
