{
  "format_version": "1.0",
  "provider_schemas": {
    "registry.terraform.io/aegirhealth/netlify": {
      "provider": {
        "version": 0,
        "block": {
          "attributes": {
            "base_url": {
              "type": "string",
              "description": "The Netlify Base API URL",
              "description_kind": "plain",
              "optional": true
            },
            "token": {
              "type": "string",
              "description": "The OAuth token used to connect to Netlify.",
              "description_kind": "plain",
              "required": true
            }
          },
          "description_kind": "plain"
        }
      },
      "resource_schemas": {
        "netlify_branch_deploy": {
          "version": 0,
          "block": {
            "attributes": {
              "branch": {
                "type": "string",
                "description_kind": "plain",
                "required": true
              },
              "id": {
                "type": "string",
                "description_kind": "plain",
                "optional": true,
                "computed": true
              },
              "site_id": {
                "type": "string",
                "description_kind": "plain",
                "required": true
              }
            },
            "description_kind": "plain"
          }
        },
        "netlify_build_hook": {
          "version": 0,
          "block": {
            "attributes": {
              "branch": {
                "type": "string",
                "description_kind": "plain",
                "required": true
              },
              "id": {
                "type": "string",
                "description_kind": "plain",
                "optional": true,
                "computed": true
              },
              "site_id": {
                "type": "string",
                "description_kind": "plain",
                "required": true
              },
              "title": {
                "type": "string",
                "description_kind": "plain",
                "required": true
              },
              "url": {
                "type": "string",
                "description_kind": "plain",
                "computed": true
              }
            },
            "description_kind": "plain"
          }
        },
        "netlify_deploy_key": {
          "version": 0,
          "block": {
            "attributes": {
              "id": {
                "type": "string",
                "description_kind": "plain",
                "optional": true,
                "computed": true
              },
              "public_key": {
                "type": "string",
                "description_kind": "plain",
                "computed": true
              }
            },
            "description_kind": "plain"
          }
        },
        "netlify_dns_record": {
          "version": 0,
          "block": {
            "attributes": {
              "hostname": {
                "type": "string",
                "description_kind": "plain",
                "required": true
              },
              "id": {
                "type": "string",
                "description_kind": "plain",
                "optional": true,
                "computed": true
              },
              "type": {
                "type": "string",
                "description_kind": "plain",
                "required": true
              },
              "value": {
                "type": "string",
                "description_kind": "plain",
                "required": true
              },
              "zone_id": {
                "type": "string",
                "description_kind": "plain",
                "required": true
              }
            },
            "description_kind": "plain"
          }
        },
        "netlify_dns_zone": {
          "version": 0,
          "block": {
            "attributes": {
              "domain": {
                "type": "string",
                "description_kind": "plain",
                "computed": true
              },
              "id": {
                "type": "string",
                "description_kind": "plain",
                "optional": true,
                "computed": true
              },
              "name": {
                "type": "string",
                "description_kind": "plain",
                "required": true
              },
              "site_id": {
                "type": "string",
                "description_kind": "plain",
                "required": true
              }
            },
            "description_kind": "plain"
          }
        },
        "netlify_hook": {
          "version": 0,
          "block": {
            "attributes": {
              "data": {
                "type": [
                  "map",
                  "string"
                ],
                "description_kind": "plain",
                "required": true
              },
              "event": {
                "type": "string",
                "description_kind": "plain",
                "required": true
              },
              "id": {
                "type": "string",
                "description_kind": "plain",
                "optional": true,
                "computed": true
              },
              "site_id": {
                "type": "string",
                "description_kind": "plain",
                "required": true
              },
              "type": {
                "type": "string",
                "description_kind": "plain",
                "required": true
              }
            },
            "description_kind": "plain"
          }
        },
        "netlify_site": {
          "version": 0,
          "block": {
            "attributes": {
              "account_name": {
                "type": "string",
                "description_kind": "plain",
                "computed": true
              },
              "account_slug": {
                "type": "string",
                "description_kind": "plain",
                "optional": true,
                "computed": true
              },
              "custom_domain": {
                "type": "string",
                "description_kind": "plain",
                "optional": true
              },
              "deploy_url": {
                "type": "string",
                "description_kind": "plain",
                "computed": true
              },
              "id": {
                "type": "string",
                "description_kind": "plain",
                "optional": true,
                "computed": true
              },
              "name": {
                "type": "string",
                "description_kind": "plain",
                "optional": true,
                "computed": true
              }
            },
            "block_types": {
              "repo": {
                "nesting_mode": "list",
                "block": {
                  "attributes": {
                    "command": {
                      "type": "string",
                      "description_kind": "plain",
                      "optional": true
                    },
                    "deploy_key_id": {
                      "type": "string",
                      "description_kind": "plain",
                      "optional": true
                    },
                    "dir": {
                      "type": "string",
                      "description_kind": "plain",
                      "optional": true
                    },
                    "provider": {
                      "type": "string",
                      "description_kind": "plain",
                      "required": true
                    },
                    "repo_branch": {
                      "type": "string",
                      "description_kind": "plain",
                      "required": true
                    },
                    "repo_path": {
                      "type": "string",
                      "description_kind": "plain",
                      "required": true
                    }
                  },
                  "description_kind": "plain"
                },
                "max_items": 1
              }
            },
            "description_kind": "plain"
          }
        }
      }
    }
  }
}
