{
  "format_version": "1.0",
  "provider_schemas": {
    "registry.terraform.io/oktadeveloper/oktaasa": {
      "provider": {
        "version": 0,
        "block": {
          "attributes": {
            "oktaasa_key": {
              "type": "string",
              "description": "OKTAASA API key.",
              "description_kind": "plain",
              "required": true
            },
            "oktaasa_secret": {
              "type": "string",
              "description": "OKTAASA API secret.",
              "description_kind": "plain",
              "required": true
            },
            "oktaasa_team": {
              "type": "string",
              "description": "OKTAASA Team.",
              "description_kind": "plain",
              "required": true
            }
          },
          "description_kind": "plain"
        }
      },
      "resource_schemas": {
        "oktaasa_assign_group": {
          "version": 0,
          "block": {
            "attributes": {
              "create_server_group": {
                "type": "bool",
                "description_kind": "plain",
                "optional": true
              },
              "group_name": {
                "type": "string",
                "description_kind": "plain",
                "required": true
              },
              "id": {
                "type": "string",
                "description_kind": "plain",
                "optional": true,
                "computed": true
              },
              "project_name": {
                "type": "string",
                "description_kind": "plain",
                "required": true
              },
              "server_access": {
                "type": "bool",
                "description_kind": "plain",
                "optional": true
              },
              "server_admin": {
                "type": "bool",
                "description_kind": "plain",
                "optional": true
              }
            },
            "description_kind": "plain"
          }
        },
        "oktaasa_create_group": {
          "version": 0,
          "block": {
            "attributes": {
              "id": {
                "type": "string",
                "description_kind": "plain",
                "optional": true,
                "computed": true
              },
              "name": {
                "type": "string",
                "description_kind": "plain",
                "required": true
              }
            },
            "description_kind": "plain"
          }
        },
        "oktaasa_enrollment_token": {
          "version": 0,
          "block": {
            "attributes": {
              "description": {
                "type": "string",
                "description_kind": "plain",
                "required": true
              },
              "id": {
                "type": "string",
                "description_kind": "plain",
                "optional": true,
                "computed": true
              },
              "project_name": {
                "type": "string",
                "description_kind": "plain",
                "required": true
              },
              "token_value": {
                "type": "string",
                "description_kind": "plain",
                "computed": true
              }
            },
            "description_kind": "plain"
          }
        },
        "oktaasa_project": {
          "version": 0,
          "block": {
            "attributes": {
              "id": {
                "type": "string",
                "description_kind": "plain",
                "optional": true,
                "computed": true
              },
              "next_unix_gid": {
                "type": "number",
                "description_kind": "plain",
                "optional": true
              },
              "next_unix_uid": {
                "type": "number",
                "description_kind": "plain",
                "optional": true
              },
              "project_name": {
                "type": "string",
                "description_kind": "plain",
                "required": true
              }
            },
            "description_kind": "plain"
          }
        }
      }
    }
  }
}
