{
  "format_version": "1.0",
  "provider_schemas": {
    "registry.terraform.io/opentelekomcloud/opentelekomcloud": {
      "provider": {
        "version": 0,
        "block": {
          "attributes": {
            "access_key": {
              "type": "string",
              "description": "The access key for API operations. You can retrieve this\nfrom the 'My Credential' section of the console.",
              "description_kind": "plain",
              "optional": true
            },
            "agency_domain_name": {
              "type": "string",
              "description": "The name of domain who created the agency (Identity v3).",
              "description_kind": "plain",
              "optional": true
            },
            "agency_name": {
              "type": "string",
              "description": "The name of agency",
              "description_kind": "plain",
              "optional": true
            },
            "auth_url": {
              "type": "string",
              "description": "The Identity authentication URL.",
              "description_kind": "plain",
              "optional": true
            },
            "cacert_file": {
              "type": "string",
              "description": "A Custom CA certificate.",
              "description_kind": "plain",
              "optional": true
            },
            "cert": {
              "type": "string",
              "description": "A client certificate to authenticate with.",
              "description_kind": "plain",
              "optional": true
            },
            "cloud": {
              "type": "string",
              "description": "An entry in a `clouds.yaml` file to use.",
              "description_kind": "plain",
              "optional": true
            },
            "delegated_project": {
              "type": "string",
              "description": "The name of delegated project (Identity v3).",
              "description_kind": "plain",
              "optional": true
            },
            "domain_id": {
              "type": "string",
              "description": "The ID of the Domain to scope to (Identity v3).",
              "description_kind": "plain",
              "optional": true
            },
            "domain_name": {
              "type": "string",
              "description": "The name of the Domain to scope to (Identity v3).",
              "description_kind": "plain",
              "optional": true
            },
            "endpoint_type": {
              "type": "string",
              "description_kind": "plain",
              "optional": true
            },
            "insecure": {
              "type": "bool",
              "description": "Trust self-signed certificates.",
              "description_kind": "plain",
              "optional": true
            },
            "key": {
              "type": "string",
              "description": "A client private key to authenticate with.",
              "description_kind": "plain",
              "optional": true
            },
            "max_retries": {
              "type": "number",
              "description": "How many times HTTP connection should be retried until giving up.",
              "description_kind": "plain",
              "optional": true
            },
            "passcode": {
              "type": "string",
              "description": "One-time MFA passcode",
              "description_kind": "plain",
              "optional": true
            },
            "password": {
              "type": "string",
              "description": "Password to login with.",
              "description_kind": "plain",
              "optional": true,
              "sensitive": true
            },
            "region": {
              "type": "string",
              "description": "The OpenTelekomCloud region to connect to.",
              "description_kind": "plain",
              "optional": true
            },
            "secret_key": {
              "type": "string",
              "description": "The secret key for API operations. You can retrieve this\nfrom the 'My Credential' section of the console.",
              "description_kind": "plain",
              "optional": true,
              "sensitive": true
            },
            "security_token": {
              "type": "string",
              "description": "Security token to use for OBS federated authentication.",
              "description_kind": "plain",
              "optional": true,
              "sensitive": true
            },
            "swauth": {
              "type": "bool",
              "description": "Use Swift's authentication system instead of Keystone. Only used for\ninteraction with Swift.",
              "description_kind": "plain",
              "optional": true
            },
            "tenant_id": {
              "type": "string",
              "description": "The ID of the Tenant (Identity v2) or Project (Identity v3)\nto login with.",
              "description_kind": "plain",
              "optional": true
            },
            "tenant_name": {
              "type": "string",
              "description": "The name of the Tenant (Identity v2) or Project (Identity v3)\nto login with.",
              "description_kind": "plain",
              "optional": true
            },
            "token": {
              "type": "string",
              "description": "Authentication token to use as an alternative to username/password.",
              "description_kind": "plain",
              "optional": true,
              "sensitive": true
            },
            "user_id": {
              "type": "string",
              "description": "User ID to login with.",
              "description_kind": "plain",
              "optional": true
            },
            "user_name": {
              "type": "string",
              "description": "Username to login with.",
              "description_kind": "plain",
              "optional": true
            }
          },
          "description_kind": "plain"
        }
      },
      "resource_schemas": {
        "opentelekomcloud_antiddos_v1": {
          "version": 0,
          "block": {
            "attributes": {
              "app_type_id": {
                "type": "number",
                "description_kind": "plain",
                "required": true
              },
              "cleaning_access_pos_id": {
                "type": "number",
                "description_kind": "plain",
                "required": true
              },
              "enable_l7": {
                "type": "bool",
                "description_kind": "plain",
                "required": true
              },
              "floating_ip_id": {
                "type": "string",
                "description_kind": "plain",
                "required": true
              },
              "http_request_pos_id": {
                "type": "number",
                "description_kind": "plain",
                "required": true
              },
              "id": {
                "type": "string",
                "description_kind": "plain",
                "optional": true,
                "computed": true
              },
              "region": {
                "type": "string",
                "description_kind": "plain",
                "optional": true,
                "computed": true
              },
              "traffic_pos_id": {
                "type": "number",
                "description_kind": "plain",
                "required": true
              }
            },
            "block_types": {
              "timeouts": {
                "nesting_mode": "single",
                "block": {
                  "attributes": {
                    "create": {
                      "type": "string",
                      "description_kind": "plain",
                      "optional": true
                    },
                    "delete": {
                      "type": "string",
                      "description_kind": "plain",
                      "optional": true
                    },
                    "update": {
                      "type": "string",
                      "description_kind": "plain",
                      "optional": true
                    }
                  },
                  "description_kind": "plain"
                }
              }
            },
            "description_kind": "plain",
            "deprecated": true
          }
        },
        "opentelekomcloud_as_configuration_v1": {
          "version": 0,
          "block": {
            "attributes": {
              "id": {
                "type": "string",
                "description_kind": "plain",
                "optional": true,
                "computed": true
              },
              "region": {
                "type": "string",
                "description_kind": "plain",
                "optional": true,
                "computed": true
              },
              "scaling_configuration_name": {
                "type": "string",
                "description_kind": "plain",
                "required": true
              }
            },
            "block_types": {
              "instance_config": {
                "nesting_mode": "list",
                "block": {
                  "attributes": {
                    "flavor": {
                      "type": "string",
                      "description_kind": "plain",
                      "optional": true
                    },
                    "image": {
                      "type": "string",
                      "description_kind": "plain",
                      "optional": true
                    },
                    "instance_id": {
                      "type": "string",
                      "description_kind": "plain",
                      "optional": true
                    },
                    "key_name": {
                      "type": "string",
                      "description_kind": "plain",
                      "required": true
                    },
                    "metadata": {
                      "type": [
                        "map",
                        "string"
                      ],
                      "description_kind": "plain",
                      "optional": true
                    },
                    "security_groups": {
                      "type": [
                        "set",
                        "string"
                      ],
                      "description_kind": "plain",
                      "optional": true
                    },
                    "user_data": {
                      "type": "string",
                      "description_kind": "plain",
                      "optional": true
                    }
                  },
                  "block_types": {
                    "disk": {
                      "nesting_mode": "list",
                      "block": {
                        "attributes": {
                          "disk_type": {
                            "type": "string",
                            "description_kind": "plain",
                            "required": true
                          },
                          "kms_id": {
                            "type": "string",
                            "description_kind": "plain",
                            "optional": true
                          },
                          "size": {
                            "type": "number",
                            "description_kind": "plain",
                            "required": true
                          },
                          "volume_type": {
                            "type": "string",
                            "description_kind": "plain",
                            "required": true
                          }
                        },
                        "description_kind": "plain"
                      }
                    },
                    "personality": {
                      "nesting_mode": "list",
                      "block": {
                        "attributes": {
                          "content": {
                            "type": "string",
                            "description_kind": "plain",
                            "required": true
                          },
                          "path": {
                            "type": "string",
                            "description_kind": "plain",
                            "required": true
                          }
                        },
                        "description_kind": "plain"
                      },
                      "max_items": 5
                    },
                    "public_ip": {
                      "nesting_mode": "list",
                      "block": {
                        "block_types": {
                          "eip": {
                            "nesting_mode": "list",
                            "block": {
                              "attributes": {
                                "ip_type": {
                                  "type": "string",
                                  "description_kind": "plain",
                                  "required": true
                                }
                              },
                              "block_types": {
                                "bandwidth": {
                                  "nesting_mode": "list",
                                  "block": {
                                    "attributes": {
                                      "charging_mode": {
                                        "type": "string",
                                        "description_kind": "plain",
                                        "required": true
                                      },
                                      "share_type": {
                                        "type": "string",
                                        "description_kind": "plain",
                                        "required": true
                                      },
                                      "size": {
                                        "type": "number",
                                        "description_kind": "plain",
                                        "required": true
                                      }
                                    },
                                    "description_kind": "plain"
                                  },
                                  "min_items": 1,
                                  "max_items": 1
                                }
                              },
                              "description_kind": "plain"
                            },
                            "min_items": 1,
                            "max_items": 1
                          }
                        },
                        "description_kind": "plain"
                      },
                      "max_items": 1
                    }
                  },
                  "description_kind": "plain"
                },
                "min_items": 1,
                "max_items": 1
              }
            },
            "description_kind": "plain"
          }
        },
        "opentelekomcloud_as_group_v1": {
          "version": 0,
          "block": {
            "attributes": {
              "available_zones": {
                "type": [
                  "list",
                  "string"
                ],
                "description_kind": "plain",
                "optional": true
              },
              "cool_down_time": {
                "type": "number",
                "description": "The cooling duration, in seconds.",
                "description_kind": "plain",
                "optional": true
              },
              "current_instance_number": {
                "type": "number",
                "description_kind": "plain",
                "computed": true
              },
              "delete_instances": {
                "type": "string",
                "description": "Whether to delete instances when they are removed from the AS group.",
                "description_kind": "plain",
                "required": true
              },
              "delete_publicip": {
                "type": "bool",
                "description_kind": "plain",
                "required": true
              },
              "desire_instance_number": {
                "type": "number",
                "description_kind": "plain",
                "optional": true
              },
              "health_periodic_audit_grace_period": {
                "type": "number",
                "description": "The grace period for instance health check, in seconds.",
                "description_kind": "plain",
                "optional": true
              },
              "health_periodic_audit_method": {
                "type": "string",
                "description_kind": "plain",
                "optional": true
              },
              "health_periodic_audit_time": {
                "type": "number",
                "description": "The health check period for instances, in minutes.",
                "description_kind": "plain",
                "optional": true
              },
              "id": {
                "type": "string",
                "description_kind": "plain",
                "optional": true,
                "computed": true
              },
              "instance_terminate_policy": {
                "type": "string",
                "description_kind": "plain",
                "optional": true
              },
              "instances": {
                "type": [
                  "list",
                  "string"
                ],
                "description": "The instances id list in the as group.",
                "description_kind": "plain",
                "computed": true
              },
              "lb_listener_id": {
                "type": "string",
                "description": "The system supports the binding of up to six classic LB listeners, the IDs of which are separated using a comma.",
                "description_kind": "plain",
                "deprecated": true,
                "optional": true
              },
              "max_instance_number": {
                "type": "number",
                "description_kind": "plain",
                "optional": true
              },
              "min_instance_number": {
                "type": "number",
                "description_kind": "plain",
                "optional": true
              },
              "notifications": {
                "type": [
                  "list",
                  "string"
                ],
                "description_kind": "plain",
                "optional": true
              },
              "region": {
                "type": "string",
                "description_kind": "plain",
                "optional": true,
                "computed": true
              },
              "scaling_configuration_id": {
                "type": "string",
                "description_kind": "plain",
                "optional": true,
                "computed": true
              },
              "scaling_group_name": {
                "type": "string",
                "description_kind": "plain",
                "required": true
              },
              "status": {
                "type": "string",
                "description_kind": "plain",
                "computed": true
              },
              "tags": {
                "type": [
                  "map",
                  "string"
                ],
                "description_kind": "plain",
                "optional": true
              },
              "vpc_id": {
                "type": "string",
                "description_kind": "plain",
                "required": true
              }
            },
            "block_types": {
              "lbaas_listeners": {
                "nesting_mode": "list",
                "block": {
                  "attributes": {
                    "pool_id": {
                      "type": "string",
                      "description_kind": "plain",
                      "required": true
                    },
                    "protocol_port": {
                      "type": "number",
                      "description_kind": "plain",
                      "required": true
                    },
                    "weight": {
                      "type": "number",
                      "description_kind": "plain",
                      "optional": true
                    }
                  },
                  "description_kind": "plain"
                },
                "max_items": 6
              },
              "networks": {
                "nesting_mode": "list",
                "block": {
                  "attributes": {
                    "id": {
                      "type": "string",
                      "description_kind": "plain",
                      "required": true
                    }
                  },
                  "description_kind": "plain"
                },
                "min_items": 1,
                "max_items": 5
              },
              "security_groups": {
                "nesting_mode": "list",
                "block": {
                  "attributes": {
                    "id": {
                      "type": "string",
                      "description_kind": "plain",
                      "required": true
                    }
                  },
                  "description_kind": "plain"
                },
                "max_items": 1
              },
              "timeouts": {
                "nesting_mode": "single",
                "block": {
                  "attributes": {
                    "create": {
                      "type": "string",
                      "description_kind": "plain",
                      "optional": true
                    },
                    "delete": {
                      "type": "string",
                      "description_kind": "plain",
                      "optional": true
                    }
                  },
                  "description_kind": "plain"
                }
              }
            },
            "description_kind": "plain"
          }
        },
        "opentelekomcloud_as_policy_v1": {
          "version": 0,
          "block": {
            "attributes": {
              "alarm_id": {
                "type": "string",
                "description_kind": "plain",
                "optional": true
              },
              "cool_down_time": {
                "type": "number",
                "description_kind": "plain",
                "optional": true
              },
              "id": {
                "type": "string",
                "description_kind": "plain",
                "optional": true,
                "computed": true
              },
              "region": {
                "type": "string",
                "description_kind": "plain",
                "optional": true,
                "computed": true
              },
              "scaling_group_id": {
                "type": "string",
                "description_kind": "plain",
                "required": true
              },
              "scaling_policy_name": {
                "type": "string",
                "description_kind": "plain",
                "required": true
              },
              "scaling_policy_type": {
                "type": "string",
                "description_kind": "plain",
                "required": true
              }
            },
            "block_types": {
              "scaling_policy_action": {
                "nesting_mode": "list",
                "block": {
                  "attributes": {
                    "instance_number": {
                      "type": "number",
                      "description_kind": "plain",
                      "optional": true
                    },
                    "operation": {
                      "type": "string",
                      "description_kind": "plain",
                      "optional": true
                    }
                  },
                  "description_kind": "plain"
                },
                "max_items": 1
              },
              "scheduled_policy": {
                "nesting_mode": "list",
                "block": {
                  "attributes": {
                    "end_time": {
                      "type": "string",
                      "description_kind": "plain",
                      "optional": true
                    },
                    "launch_time": {
                      "type": "string",
                      "description_kind": "plain",
                      "required": true
                    },
                    "recurrence_type": {
                      "type": "string",
                      "description_kind": "plain",
                      "optional": true
                    },
                    "recurrence_value": {
                      "type": "string",
                      "description_kind": "plain",
                      "optional": true
                    },
                    "start_time": {
                      "type": "string",
                      "description_kind": "plain",
                      "optional": true
                    }
                  },
                  "description_kind": "plain"
                },
                "max_items": 1
              }
            },
            "description_kind": "plain"
          }
        },
        "opentelekomcloud_as_policy_v2": {
          "version": 0,
          "block": {
            "attributes": {
              "alarm_id": {
                "type": "string",
                "description_kind": "plain",
                "optional": true
              },
              "cool_down_time": {
                "type": "number",
                "description_kind": "plain",
                "optional": true,
                "computed": true
              },
              "create_time": {
                "type": "string",
                "description_kind": "plain",
                "computed": true
              },
              "id": {
                "type": "string",
                "description_kind": "plain",
                "optional": true,
                "computed": true
              },
              "metadata": {
                "type": [
                  "set",
                  [
                    "object",
                    {
                      "bandwidth_share_type": "string",
                      "eip_address": "string",
                      "eip_id": "string"
                    }
                  ]
                ],
                "description_kind": "plain",
                "computed": true
              },
              "region": {
                "type": "string",
                "description_kind": "plain",
                "optional": true,
                "computed": true
              },
              "scaling_policy_name": {
                "type": "string",
                "description_kind": "plain",
                "required": true
              },
              "scaling_policy_type": {
                "type": "string",
                "description_kind": "plain",
                "required": true
              },
              "scaling_resource_id": {
                "type": "string",
                "description_kind": "plain",
                "required": true
              },
              "scaling_resource_type": {
                "type": "string",
                "description_kind": "plain",
                "required": true
              }
            },
            "block_types": {
              "scaling_policy_action": {
                "nesting_mode": "set",
                "block": {
                  "attributes": {
                    "limits": {
                      "type": "number",
                      "description_kind": "plain",
                      "optional": true,
                      "computed": true
                    },
                    "operation": {
                      "type": "string",
                      "description_kind": "plain",
                      "optional": true
                    },
                    "percentage": {
                      "type": "number",
                      "description_kind": "plain",
                      "optional": true,
                      "computed": true
                    },
                    "size": {
                      "type": "number",
                      "description_kind": "plain",
                      "optional": true,
                      "computed": true
                    }
                  },
                  "description_kind": "plain"
                }
              },
              "scheduled_policy": {
                "nesting_mode": "set",
                "block": {
                  "attributes": {
                    "end_time": {
                      "type": "string",
                      "description_kind": "plain",
                      "optional": true
                    },
                    "launch_time": {
                      "type": "string",
                      "description_kind": "plain",
                      "required": true
                    },
                    "recurrence_type": {
                      "type": "string",
                      "description_kind": "plain",
                      "optional": true
                    },
                    "recurrence_value": {
                      "type": "string",
                      "description_kind": "plain",
                      "optional": true
                    },
                    "start_time": {
                      "type": "string",
                      "description_kind": "plain",
                      "optional": true,
                      "computed": true
                    }
                  },
                  "description_kind": "plain"
                }
              }
            },
            "description_kind": "plain"
          }
        },
        "opentelekomcloud_blockstorage_volume_v2": {
          "version": 0,
          "block": {
            "attributes": {
              "attachment": {
                "type": [
                  "set",
                  [
                    "object",
                    {
                      "device": "string",
                      "id": "string",
                      "instance_id": "string"
                    }
                  ]
                ],
                "description_kind": "plain",
                "computed": true
              },
              "availability_zone": {
                "type": "string",
                "description_kind": "plain",
                "optional": true,
                "computed": true
              },
              "cascade": {
                "type": "bool",
                "description_kind": "plain",
                "optional": true
              },
              "consistency_group_id": {
                "type": "string",
                "description_kind": "plain",
                "optional": true
              },
              "description": {
                "type": "string",
                "description_kind": "plain",
                "optional": true
              },
              "device_type": {
                "type": "string",
                "description_kind": "plain",
                "optional": true
              },
              "id": {
                "type": "string",
                "description_kind": "plain",
                "optional": true,
                "computed": true
              },
              "image_id": {
                "type": "string",
                "description_kind": "plain",
                "optional": true
              },
              "metadata": {
                "type": [
                  "map",
                  "string"
                ],
                "description_kind": "plain",
                "optional": true,
                "computed": true
              },
              "name": {
                "type": "string",
                "description_kind": "plain",
                "optional": true
              },
              "region": {
                "type": "string",
                "description_kind": "plain",
                "optional": true,
                "computed": true
              },
              "size": {
                "type": "number",
                "description_kind": "plain",
                "required": true
              },
              "snapshot_id": {
                "type": "string",
                "description_kind": "plain",
                "optional": true
              },
              "source_replica": {
                "type": "string",
                "description_kind": "plain",
                "optional": true
              },
              "source_vol_id": {
                "type": "string",
                "description_kind": "plain",
                "optional": true
              },
              "tags": {
                "type": [
                  "map",
                  "string"
                ],
                "description_kind": "plain",
                "optional": true
              },
              "volume_type": {
                "type": "string",
                "description_kind": "plain",
                "optional": true,
                "computed": true
              },
              "wwn": {
                "type": "string",
                "description_kind": "plain",
                "computed": true
              }
            },
            "block_types": {
              "timeouts": {
                "nesting_mode": "single",
                "block": {
                  "attributes": {
                    "create": {
                      "type": "string",
                      "description_kind": "plain",
                      "optional": true
                    },
                    "delete": {
                      "type": "string",
                      "description_kind": "plain",
                      "optional": true
                    }
                  },
                  "description_kind": "plain"
                }
              }
            },
            "description_kind": "plain"
          }
        },
        "opentelekomcloud_cbr_policy_v3": {
          "version": 0,
          "block": {
            "attributes": {
              "enabled": {
                "type": "bool",
                "description_kind": "plain",
                "optional": true
              },
              "id": {
                "type": "string",
                "description_kind": "plain",
                "optional": true,
                "computed": true
              },
              "name": {
                "type": "string",
                "description_kind": "plain",
                "required": true
              },
              "operation_type": {
                "type": "string",
                "description_kind": "plain",
                "required": true
              },
              "region": {
                "type": "string",
                "description_kind": "plain",
                "computed": true
              },
              "trigger_pattern": {
                "type": [
                  "list",
                  "string"
                ],
                "description_kind": "plain",
                "required": true
              }
            },
            "block_types": {
              "operation_definition": {
                "nesting_mode": "list",
                "block": {
                  "attributes": {
                    "day_backups": {
                      "type": "number",
                      "description_kind": "plain",
                      "optional": true,
                      "computed": true
                    },
                    "max_backups": {
                      "type": "number",
                      "description_kind": "plain",
                      "optional": true,
                      "computed": true
                    },
                    "month_backups": {
                      "type": "number",
                      "description_kind": "plain",
                      "optional": true,
                      "computed": true
                    },
                    "retention_duration_days": {
                      "type": "number",
                      "description_kind": "plain",
                      "optional": true,
                      "computed": true
                    },
                    "timezone": {
                      "type": "string",
                      "description_kind": "plain",
                      "required": true
                    },
                    "week_backups": {
                      "type": "number",
                      "description_kind": "plain",
                      "optional": true,
                      "computed": true
                    },
                    "year_backups": {
                      "type": "number",
                      "description_kind": "plain",
                      "optional": true,
                      "computed": true
                    }
                  },
                  "description_kind": "plain"
                },
                "max_items": 1
              }
            },
            "description_kind": "plain"
          }
        },
        "opentelekomcloud_cbr_vault_v3": {
          "version": 0,
          "block": {
            "attributes": {
              "auto_bind": {
                "type": "bool",
                "description_kind": "plain",
                "optional": true,
                "computed": true
              },
              "auto_expand": {
                "type": "bool",
                "description_kind": "plain",
                "optional": true,
                "computed": true
              },
              "backup_policy_id": {
                "type": "string",
                "description_kind": "plain",
                "optional": true
              },
              "created_at": {
                "type": "string",
                "description_kind": "plain",
                "computed": true
              },
              "description": {
                "type": "string",
                "description_kind": "plain",
                "optional": true
              },
              "enterprise_project_id": {
                "type": "string",
                "description_kind": "plain",
                "optional": true,
                "computed": true
              },
              "id": {
                "type": "string",
                "description_kind": "plain",
                "optional": true,
                "computed": true
              },
              "name": {
                "type": "string",
                "description_kind": "plain",
                "required": true
              },
              "project_id": {
                "type": "string",
                "description_kind": "plain",
                "computed": true
              },
              "provider_id": {
                "type": "string",
                "description_kind": "plain",
                "computed": true
              },
              "resource": {
                "type": [
                  "set",
                  [
                    "object",
                    {
                      "backup_count": "number",
                      "backup_size": "number",
                      "exclude_volumes": [
                        "set",
                        "string"
                      ],
                      "id": "string",
                      "include_volumes": [
                        "set",
                        "string"
                      ],
                      "name": "string",
                      "protect_status": "string",
                      "size": "number",
                      "type": "string"
                    }
                  ]
                ],
                "description_kind": "plain",
                "optional": true,
                "computed": true
              },
              "tags": {
                "type": [
                  "map",
                  "string"
                ],
                "description_kind": "plain",
                "optional": true
              },
              "user_id": {
                "type": "string",
                "description_kind": "plain",
                "computed": true
              }
            },
            "block_types": {
              "billing": {
                "nesting_mode": "list",
                "block": {
                  "attributes": {
                    "allocated": {
                      "type": "number",
                      "description_kind": "plain",
                      "computed": true
                    },
                    "charging_mode": {
                      "type": "string",
                      "description_kind": "plain",
                      "optional": true
                    },
                    "cloud_type": {
                      "type": "string",
                      "description_kind": "plain",
                      "optional": true
                    },
                    "consistent_level": {
                      "type": "string",
                      "description_kind": "plain",
                      "optional": true
                    },
                    "console_url": {
                      "type": "string",
                      "description_kind": "plain",
                      "optional": true
                    },
                    "extra_info": {
                      "type": [
                        "map",
                        "string"
                      ],
                      "description_kind": "plain",
                      "optional": true
                    },
                    "frozen_scene": {
                      "type": "string",
                      "description_kind": "plain",
                      "computed": true
                    },
                    "is_auto_pay": {
                      "type": "bool",
                      "description_kind": "plain",
                      "optional": true
                    },
                    "is_auto_renew": {
                      "type": "bool",
                      "description_kind": "plain",
                      "optional": true
                    },
                    "object_type": {
                      "type": "string",
                      "description_kind": "plain",
                      "required": true
                    },
                    "order_id": {
                      "type": "string",
                      "description_kind": "plain",
                      "computed": true
                    },
                    "period_num": {
                      "type": "number",
                      "description_kind": "plain",
                      "optional": true
                    },
                    "period_type": {
                      "type": "string",
                      "description_kind": "plain",
                      "optional": true
                    },
                    "product_id": {
                      "type": "string",
                      "description_kind": "plain",
                      "computed": true
                    },
                    "protect_type": {
                      "type": "string",
                      "description_kind": "plain",
                      "required": true
                    },
                    "size": {
                      "type": "number",
                      "description_kind": "plain",
                      "required": true
                    },
                    "spec_code": {
                      "type": "string",
                      "description_kind": "plain",
                      "computed": true
                    },
                    "status": {
                      "type": "string",
                      "description_kind": "plain",
                      "computed": true
                    },
                    "storage_unit": {
                      "type": "string",
                      "description_kind": "plain",
                      "computed": true
                    },
                    "used": {
                      "type": "number",
                      "description_kind": "plain",
                      "computed": true
                    }
                  },
                  "description_kind": "plain"
                },
                "min_items": 1,
                "max_items": 1
              },
              "bind_rules": {
                "nesting_mode": "list",
                "block": {
                  "attributes": {
                    "key": {
                      "type": "string",
                      "description_kind": "plain",
                      "required": true
                    },
                    "value": {
                      "type": "string",
                      "description_kind": "plain",
                      "required": true
                    }
                  },
                  "description_kind": "plain"
                }
              }
            },
            "description_kind": "plain"
          }
        },
        "opentelekomcloud_cce_addon_v3": {
          "version": 0,
          "block": {
            "attributes": {
              "cluster_id": {
                "type": "string",
                "description_kind": "plain",
                "required": true
              },
              "description": {
                "type": "string",
                "description_kind": "plain",
                "computed": true
              },
              "id": {
                "type": "string",
                "description_kind": "plain",
                "optional": true,
                "computed": true
              },
              "name": {
                "type": "string",
                "description_kind": "plain",
                "computed": true
              },
              "template_name": {
                "type": "string",
                "description_kind": "plain",
                "required": true
              },
              "template_version": {
                "type": "string",
                "description_kind": "plain",
                "required": true
              }
            },
            "block_types": {
              "timeouts": {
                "nesting_mode": "single",
                "block": {
                  "attributes": {
                    "delete": {
                      "type": "string",
                      "description_kind": "plain",
                      "optional": true
                    }
                  },
                  "description_kind": "plain"
                }
              },
              "values": {
                "nesting_mode": "list",
                "block": {
                  "attributes": {
                    "basic": {
                      "type": [
                        "map",
                        "string"
                      ],
                      "description_kind": "plain",
                      "required": true
                    },
                    "custom": {
                      "type": [
                        "map",
                        "string"
                      ],
                      "description_kind": "plain",
                      "required": true
                    }
                  },
                  "description_kind": "plain"
                },
                "min_items": 1,
                "max_items": 1
              }
            },
            "description_kind": "plain"
          }
        },
        "opentelekomcloud_cce_cluster_v3": {
          "version": 0,
          "block": {
            "attributes": {
              "annotations": {
                "type": [
                  "map",
                  "string"
                ],
                "description_kind": "plain",
                "optional": true
              },
              "authenticating_proxy_ca": {
                "type": "string",
                "description_kind": "plain",
                "deprecated": true,
                "optional": true
              },
              "authentication_mode": {
                "type": "string",
                "description_kind": "plain",
                "optional": true
              },
              "billing_mode": {
                "type": "number",
                "description_kind": "plain",
                "optional": true,
                "computed": true
              },
              "certificate_clusters": {
                "type": [
                  "list",
                  [
                    "object",
                    {
                      "certificate_authority_data": "string",
                      "name": "string",
                      "server": "string"
                    }
                  ]
                ],
                "description_kind": "plain",
                "computed": true
              },
              "certificate_users": {
                "type": [
                  "list",
                  [
                    "object",
                    {
                      "client_certificate_data": "string",
                      "client_key_data": "string",
                      "name": "string"
                    }
                  ]
                ],
                "description_kind": "plain",
                "computed": true
              },
              "cluster_type": {
                "type": "string",
                "description_kind": "plain",
                "required": true
              },
              "cluster_version": {
                "type": "string",
                "description_kind": "plain",
                "optional": true,
                "computed": true
              },
              "container_network_cidr": {
                "type": "string",
                "description_kind": "plain",
                "optional": true,
                "computed": true
              },
              "container_network_type": {
                "type": "string",
                "description_kind": "plain",
                "required": true
              },
              "description": {
                "type": "string",
                "description_kind": "plain",
                "optional": true,
                "computed": true
              },
              "eip": {
                "type": "string",
                "description_kind": "plain",
                "optional": true
              },
              "eni_subnet_cidr": {
                "type": "string",
                "description_kind": "plain",
                "optional": true,
                "computed": true
              },
              "eni_subnet_id": {
                "type": "string",
                "description_kind": "plain",
                "optional": true,
                "computed": true
              },
              "extend_param": {
                "type": [
                  "map",
                  "string"
                ],
                "description_kind": "plain",
                "optional": true
              },
              "external": {
                "type": "string",
                "description_kind": "plain",
                "computed": true
              },
              "external_otc": {
                "type": "string",
                "description_kind": "plain",
                "computed": true
              },
              "flavor_id": {
                "type": "string",
                "description_kind": "plain",
                "required": true
              },
              "highway_subnet_id": {
                "type": "string",
                "description_kind": "plain",
                "optional": true,
                "computed": true
              },
              "id": {
                "type": "string",
                "description_kind": "plain",
                "optional": true,
                "computed": true
              },
              "ignore_addons": {
                "type": "bool",
                "description_kind": "plain",
                "optional": true
              },
              "installed_addons": {
                "type": [
                  "set",
                  "string"
                ],
                "description_kind": "plain",
                "computed": true
              },
              "internal": {
                "type": "string",
                "description_kind": "plain",
                "computed": true
              },
              "kube_proxy_mode": {
                "type": "string",
                "description_kind": "plain",
                "optional": true,
                "computed": true
              },
              "kubernetes_svc_ip_range": {
                "type": "string",
                "description_kind": "plain",
                "optional": true,
                "computed": true
              },
              "labels": {
                "type": [
                  "map",
                  "string"
                ],
                "description_kind": "plain",
                "optional": true
              },
              "multi_az": {
                "type": "bool",
                "description_kind": "plain",
                "optional": true
              },
              "name": {
                "type": "string",
                "description_kind": "plain",
                "required": true
              },
              "no_addons": {
                "type": "bool",
                "description_kind": "plain",
                "optional": true
              },
              "region": {
                "type": "string",
                "description_kind": "plain",
                "optional": true,
                "computed": true
              },
              "security_group_control": {
                "type": "string",
                "description_kind": "plain",
                "computed": true
              },
              "security_group_node": {
                "type": "string",
                "description_kind": "plain",
                "computed": true
              },
              "status": {
                "type": "string",
                "description_kind": "plain",
                "computed": true
              },
              "subnet_id": {
                "type": "string",
                "description_kind": "plain",
                "required": true
              },
              "vpc_id": {
                "type": "string",
                "description_kind": "plain",
                "required": true
              }
            },
            "block_types": {
              "authenticating_proxy": {
                "nesting_mode": "list",
                "block": {
                  "attributes": {
                    "ca": {
                      "type": "string",
                      "description_kind": "plain",
                      "required": true
                    },
                    "cert": {
                      "type": "string",
                      "description_kind": "plain",
                      "required": true
                    },
                    "private_key": {
                      "type": "string",
                      "description_kind": "plain",
                      "required": true
                    }
                  },
                  "description_kind": "plain"
                },
                "max_items": 1
              },
              "timeouts": {
                "nesting_mode": "single",
                "block": {
                  "attributes": {
                    "create": {
                      "type": "string",
                      "description_kind": "plain",
                      "optional": true
                    },
                    "delete": {
                      "type": "string",
                      "description_kind": "plain",
                      "optional": true
                    }
                  },
                  "description_kind": "plain"
                }
              }
            },
            "description_kind": "plain"
          }
        },
        "opentelekomcloud_cce_node_pool_v3": {
          "version": 0,
          "block": {
            "attributes": {
              "availability_zone": {
                "type": "string",
                "description_kind": "plain",
                "optional": true
              },
              "cluster_id": {
                "type": "string",
                "description_kind": "plain",
                "required": true
              },
              "docker_base_size": {
                "type": "number",
                "description_kind": "plain",
                "optional": true
              },
              "docker_lvm_config_override": {
                "type": "string",
                "description_kind": "plain",
                "optional": true
              },
              "flavor": {
                "type": "string",
                "description_kind": "plain",
                "required": true
              },
              "id": {
                "type": "string",
                "description_kind": "plain",
                "optional": true,
                "computed": true
              },
              "initial_node_count": {
                "type": "number",
                "description_kind": "plain",
                "required": true
              },
              "k8s_tags": {
                "type": [
                  "map",
                  "string"
                ],
                "description_kind": "plain",
                "optional": true,
                "computed": true
              },
              "key_pair": {
                "type": "string",
                "description_kind": "plain",
                "optional": true
              },
              "max_node_count": {
                "type": "number",
                "description_kind": "plain",
                "optional": true
              },
              "max_pods": {
                "type": "number",
                "description_kind": "plain",
                "optional": true
              },
              "min_node_count": {
                "type": "number",
                "description_kind": "plain",
                "optional": true
              },
              "name": {
                "type": "string",
                "description_kind": "plain",
                "required": true
              },
              "os": {
                "type": "string",
                "description_kind": "plain",
                "optional": true,
                "computed": true
              },
              "password": {
                "type": "string",
                "description_kind": "plain",
                "optional": true,
                "sensitive": true
              },
              "postinstall": {
                "type": "string",
                "description_kind": "plain",
                "optional": true
              },
              "preinstall": {
                "type": "string",
                "description_kind": "plain",
                "optional": true
              },
              "priority": {
                "type": "number",
                "description_kind": "plain",
                "optional": true
              },
              "scale_down_cooldown_time": {
                "type": "number",
                "description_kind": "plain",
                "optional": true
              },
              "scale_enable": {
                "type": "bool",
                "description_kind": "plain",
                "optional": true
              },
              "server_group_reference": {
                "type": "string",
                "description_kind": "plain",
                "optional": true
              },
              "status": {
                "type": "string",
                "description_kind": "plain",
                "computed": true
              },
              "subnet_id": {
                "type": "string",
                "description_kind": "plain",
                "optional": true
              },
              "user_tags": {
                "type": [
                  "map",
                  "string"
                ],
                "description_kind": "plain",
                "optional": true
              }
            },
            "block_types": {
              "data_volumes": {
                "nesting_mode": "list",
                "block": {
                  "attributes": {
                    "extend_param": {
                      "type": "string",
                      "description_kind": "plain",
                      "deprecated": true,
                      "optional": true
                    },
                    "extend_params": {
                      "type": [
                        "map",
                        "string"
                      ],
                      "description_kind": "plain",
                      "optional": true
                    },
                    "kms_id": {
                      "type": "string",
                      "description_kind": "plain",
                      "optional": true
                    },
                    "size": {
                      "type": "number",
                      "description_kind": "plain",
                      "required": true
                    },
                    "volumetype": {
                      "type": "string",
                      "description_kind": "plain",
                      "required": true
                    }
                  },
                  "description_kind": "plain"
                },
                "min_items": 1
              },
              "root_volume": {
                "nesting_mode": "list",
                "block": {
                  "attributes": {
                    "extend_param": {
                      "type": "string",
                      "description_kind": "plain",
                      "deprecated": true,
                      "optional": true
                    },
                    "extend_params": {
                      "type": [
                        "map",
                        "string"
                      ],
                      "description_kind": "plain",
                      "optional": true
                    },
                    "kms_id": {
                      "type": "string",
                      "description_kind": "plain",
                      "optional": true
                    },
                    "size": {
                      "type": "number",
                      "description_kind": "plain",
                      "required": true
                    },
                    "volumetype": {
                      "type": "string",
                      "description_kind": "plain",
                      "required": true
                    }
                  },
                  "description_kind": "plain"
                },
                "min_items": 1,
                "max_items": 1
              },
              "taints": {
                "nesting_mode": "list",
                "block": {
                  "attributes": {
                    "effect": {
                      "type": "string",
                      "description_kind": "plain",
                      "required": true
                    },
                    "key": {
                      "type": "string",
                      "description_kind": "plain",
                      "required": true
                    },
                    "value": {
                      "type": "string",
                      "description_kind": "plain",
                      "required": true
                    }
                  },
                  "description_kind": "plain"
                }
              },
              "timeouts": {
                "nesting_mode": "single",
                "block": {
                  "attributes": {
                    "create": {
                      "type": "string",
                      "description_kind": "plain",
                      "optional": true
                    },
                    "default": {
                      "type": "string",
                      "description_kind": "plain",
                      "optional": true
                    },
                    "delete": {
                      "type": "string",
                      "description_kind": "plain",
                      "optional": true
                    },
                    "update": {
                      "type": "string",
                      "description_kind": "plain",
                      "optional": true
                    }
                  },
                  "description_kind": "plain"
                }
              }
            },
            "description_kind": "plain"
          }
        },
        "opentelekomcloud_cce_node_v3": {
          "version": 0,
          "block": {
            "attributes": {
              "annotations": {
                "type": [
                  "map",
                  "string"
                ],
                "description_kind": "plain",
                "optional": true
              },
              "availability_zone": {
                "type": "string",
                "description_kind": "plain",
                "required": true
              },
              "bandwidth_charge_mode": {
                "type": "string",
                "description_kind": "plain",
                "optional": true,
                "computed": true
              },
              "bandwidth_size": {
                "type": "number",
                "description_kind": "plain",
                "optional": true
              },
              "billing_mode": {
                "type": "number",
                "description_kind": "plain",
                "optional": true,
                "computed": true
              },
              "cluster_id": {
                "type": "string",
                "description_kind": "plain",
                "required": true
              },
              "docker_base_size": {
                "type": "number",
                "description_kind": "plain",
                "optional": true
              },
              "docker_lvm_config_override": {
                "type": "string",
                "description_kind": "plain",
                "optional": true
              },
              "ecs_performance_type": {
                "type": "string",
                "description_kind": "plain",
                "optional": true
              },
              "eip_count": {
                "type": "number",
                "description_kind": "plain",
                "optional": true,
                "computed": true
              },
              "eip_ids": {
                "type": [
                  "set",
                  "string"
                ],
                "description_kind": "plain",
                "optional": true
              },
              "extend_param_charging_mode": {
                "type": "number",
                "description_kind": "plain",
                "optional": true
              },
              "flavor_id": {
                "type": "string",
                "description_kind": "plain",
                "required": true
              },
              "id": {
                "type": "string",
                "description_kind": "plain",
                "optional": true,
                "computed": true
              },
              "iptype": {
                "type": "string",
                "description_kind": "plain",
                "optional": true,
                "computed": true
              },
              "k8s_tags": {
                "type": [
                  "map",
                  "string"
                ],
                "description_kind": "plain",
                "optional": true,
                "computed": true
              },
              "key_pair": {
                "type": "string",
                "description_kind": "plain",
                "required": true
              },
              "labels": {
                "type": [
                  "map",
                  "string"
                ],
                "description_kind": "plain",
                "optional": true
              },
              "max_pods": {
                "type": "number",
                "description_kind": "plain",
                "optional": true
              },
              "name": {
                "type": "string",
                "description_kind": "plain",
                "optional": true,
                "computed": true
              },
              "order_id": {
                "type": "string",
                "description_kind": "plain",
                "optional": true
              },
              "os": {
                "type": "string",
                "description_kind": "plain",
                "optional": true,
                "computed": true
              },
              "postinstall": {
                "type": "string",
                "description_kind": "plain",
                "optional": true
              },
              "preinstall": {
                "type": "string",
                "description_kind": "plain",
                "optional": true
              },
              "private_ip": {
                "type": "string",
                "description_kind": "plain",
                "optional": true,
                "computed": true
              },
              "product_id": {
                "type": "string",
                "description_kind": "plain",
                "optional": true
              },
              "public_ip": {
                "type": "string",
                "description_kind": "plain",
                "computed": true
              },
              "public_key": {
                "type": "string",
                "description_kind": "plain",
                "optional": true
              },
              "region": {
                "type": "string",
                "description_kind": "plain",
                "optional": true,
                "computed": true
              },
              "server_id": {
                "type": "string",
                "description_kind": "plain",
                "computed": true
              },
              "sharetype": {
                "type": "string",
                "description_kind": "plain",
                "optional": true,
                "computed": true
              },
              "status": {
                "type": "string",
                "description_kind": "plain",
                "computed": true
              },
              "subnet_id": {
                "type": "string",
                "description_kind": "plain",
                "optional": true,
                "computed": true
              },
              "tags": {
                "type": [
                  "map",
                  "string"
                ],
                "description_kind": "plain",
                "optional": true
              }
            },
            "block_types": {
              "data_volumes": {
                "nesting_mode": "list",
                "block": {
                  "attributes": {
                    "extend_param": {
                      "type": "string",
                      "description_kind": "plain",
                      "deprecated": true,
                      "optional": true
                    },
                    "extend_params": {
                      "type": [
                        "map",
                        "string"
                      ],
                      "description_kind": "plain",
                      "optional": true,
                      "computed": true
                    },
                    "kms_id": {
                      "type": "string",
                      "description_kind": "plain",
                      "optional": true
                    },
                    "size": {
                      "type": "number",
                      "description_kind": "plain",
                      "required": true
                    },
                    "volumetype": {
                      "type": "string",
                      "description_kind": "plain",
                      "required": true
                    }
                  },
                  "description_kind": "plain"
                },
                "min_items": 1
              },
              "root_volume": {
                "nesting_mode": "list",
                "block": {
                  "attributes": {
                    "extend_param": {
                      "type": "string",
                      "description_kind": "plain",
                      "deprecated": true,
                      "optional": true
                    },
                    "extend_params": {
                      "type": [
                        "map",
                        "string"
                      ],
                      "description_kind": "plain",
                      "optional": true,
                      "computed": true
                    },
                    "kms_id": {
                      "type": "string",
                      "description_kind": "plain",
                      "optional": true
                    },
                    "size": {
                      "type": "number",
                      "description_kind": "plain",
                      "required": true
                    },
                    "volumetype": {
                      "type": "string",
                      "description_kind": "plain",
                      "required": true
                    }
                  },
                  "description_kind": "plain"
                },
                "min_items": 1,
                "max_items": 1
              },
              "taints": {
                "nesting_mode": "list",
                "block": {
                  "attributes": {
                    "effect": {
                      "type": "string",
                      "description_kind": "plain",
                      "required": true
                    },
                    "key": {
                      "type": "string",
                      "description_kind": "plain",
                      "required": true
                    },
                    "value": {
                      "type": "string",
                      "description_kind": "plain",
                      "required": true
                    }
                  },
                  "description_kind": "plain"
                }
              },
              "timeouts": {
                "nesting_mode": "single",
                "block": {
                  "attributes": {
                    "create": {
                      "type": "string",
                      "description_kind": "plain",
                      "optional": true
                    },
                    "delete": {
                      "type": "string",
                      "description_kind": "plain",
                      "optional": true
                    }
                  },
                  "description_kind": "plain"
                }
              }
            },
            "description_kind": "plain"
          }
        },
        "opentelekomcloud_ces_alarmrule": {
          "version": 0,
          "block": {
            "attributes": {
              "alarm_action_enabled": {
                "type": "bool",
                "description_kind": "plain",
                "optional": true
              },
              "alarm_description": {
                "type": "string",
                "description_kind": "plain",
                "optional": true
              },
              "alarm_enabled": {
                "type": "bool",
                "description_kind": "plain",
                "optional": true
              },
              "alarm_level": {
                "type": "number",
                "description_kind": "plain",
                "optional": true
              },
              "alarm_name": {
                "type": "string",
                "description_kind": "plain",
                "required": true
              },
              "alarm_state": {
                "type": "string",
                "description_kind": "plain",
                "computed": true
              },
              "id": {
                "type": "string",
                "description_kind": "plain",
                "optional": true,
                "computed": true
              },
              "update_time": {
                "type": "number",
                "description_kind": "plain",
                "computed": true
              }
            },
            "block_types": {
              "alarm_actions": {
                "nesting_mode": "list",
                "block": {
                  "attributes": {
                    "notification_list": {
                      "type": [
                        "list",
                        "string"
                      ],
                      "description_kind": "plain",
                      "required": true
                    },
                    "type": {
                      "type": "string",
                      "description_kind": "plain",
                      "required": true
                    }
                  },
                  "description_kind": "plain"
                }
              },
              "condition": {
                "nesting_mode": "list",
                "block": {
                  "attributes": {
                    "comparison_operator": {
                      "type": "string",
                      "description_kind": "plain",
                      "required": true
                    },
                    "count": {
                      "type": "number",
                      "description_kind": "plain",
                      "required": true
                    },
                    "filter": {
                      "type": "string",
                      "description_kind": "plain",
                      "required": true
                    },
                    "period": {
                      "type": "number",
                      "description_kind": "plain",
                      "required": true
                    },
                    "unit": {
                      "type": "string",
                      "description_kind": "plain",
                      "optional": true
                    },
                    "value": {
                      "type": "number",
                      "description_kind": "plain",
                      "required": true
                    }
                  },
                  "description_kind": "plain"
                },
                "min_items": 1,
                "max_items": 1
              },
              "metric": {
                "nesting_mode": "list",
                "block": {
                  "attributes": {
                    "metric_name": {
                      "type": "string",
                      "description_kind": "plain",
                      "required": true
                    },
                    "namespace": {
                      "type": "string",
                      "description_kind": "plain",
                      "required": true
                    }
                  },
                  "block_types": {
                    "dimensions": {
                      "nesting_mode": "list",
                      "block": {
                        "attributes": {
                          "name": {
                            "type": "string",
                            "description_kind": "plain",
                            "required": true
                          },
                          "value": {
                            "type": "string",
                            "description_kind": "plain",
                            "required": true
                          }
                        },
                        "description_kind": "plain"
                      },
                      "min_items": 1,
                      "max_items": 3
                    }
                  },
                  "description_kind": "plain"
                },
                "min_items": 1,
                "max_items": 1
              },
              "ok_actions": {
                "nesting_mode": "list",
                "block": {
                  "attributes": {
                    "notification_list": {
                      "type": [
                        "list",
                        "string"
                      ],
                      "description_kind": "plain",
                      "required": true
                    },
                    "type": {
                      "type": "string",
                      "description_kind": "plain",
                      "required": true
                    }
                  },
                  "description_kind": "plain"
                }
              },
              "timeouts": {
                "nesting_mode": "single",
                "block": {
                  "attributes": {
                    "create": {
                      "type": "string",
                      "description_kind": "plain",
                      "optional": true
                    },
                    "delete": {
                      "type": "string",
                      "description_kind": "plain",
                      "optional": true
                    },
                    "update": {
                      "type": "string",
                      "description_kind": "plain",
                      "optional": true
                    }
                  },
                  "description_kind": "plain"
                }
              }
            },
            "description_kind": "plain"
          }
        },
        "opentelekomcloud_compute_bms_server_v2": {
          "version": 0,
          "block": {
            "attributes": {
              "access_ip_v4": {
                "type": "string",
                "description_kind": "plain",
                "computed": true
              },
              "access_ip_v6": {
                "type": "string",
                "description_kind": "plain",
                "computed": true
              },
              "admin_pass": {
                "type": "string",
                "description_kind": "plain",
                "optional": true,
                "computed": true
              },
              "availability_zone": {
                "type": "string",
                "description_kind": "plain",
                "required": true
              },
              "config_drive": {
                "type": "bool",
                "description_kind": "plain",
                "computed": true
              },
              "flavor_id": {
                "type": "string",
                "description_kind": "plain",
                "optional": true,
                "computed": true
              },
              "flavor_name": {
                "type": "string",
                "description_kind": "plain",
                "optional": true,
                "computed": true
              },
              "host_id": {
                "type": "string",
                "description_kind": "plain",
                "computed": true
              },
              "host_status": {
                "type": "string",
                "description_kind": "plain",
                "computed": true
              },
              "id": {
                "type": "string",
                "description_kind": "plain",
                "optional": true,
                "computed": true
              },
              "image_id": {
                "type": "string",
                "description_kind": "plain",
                "optional": true,
                "computed": true
              },
              "image_name": {
                "type": "string",
                "description_kind": "plain",
                "optional": true,
                "computed": true
              },
              "kernel_id": {
                "type": "string",
                "description_kind": "plain",
                "computed": true
              },
              "key_pair": {
                "type": "string",
                "description_kind": "plain",
                "optional": true,
                "computed": true
              },
              "metadata": {
                "type": [
                  "map",
                  "string"
                ],
                "description_kind": "plain",
                "optional": true
              },
              "name": {
                "type": "string",
                "description_kind": "plain",
                "required": true
              },
              "region": {
                "type": "string",
                "description_kind": "plain",
                "optional": true,
                "computed": true
              },
              "security_groups": {
                "type": [
                  "set",
                  "string"
                ],
                "description_kind": "plain",
                "optional": true,
                "computed": true
              },
              "stop_before_destroy": {
                "type": "bool",
                "description_kind": "plain",
                "optional": true
              },
              "tags": {
                "type": [
                  "map",
                  "string"
                ],
                "description_kind": "plain",
                "optional": true
              },
              "tenant_id": {
                "type": "string",
                "description_kind": "plain",
                "computed": true
              },
              "user_data": {
                "type": "string",
                "description_kind": "plain",
                "optional": true
              },
              "user_id": {
                "type": "string",
                "description_kind": "plain",
                "computed": true
              }
            },
            "block_types": {
              "block_device": {
                "nesting_mode": "list",
                "block": {
                  "attributes": {
                    "boot_index": {
                      "type": "number",
                      "description_kind": "plain",
                      "optional": true
                    },
                    "delete_on_termination": {
                      "type": "bool",
                      "description_kind": "plain",
                      "optional": true
                    },
                    "destination_type": {
                      "type": "string",
                      "description_kind": "plain",
                      "optional": true
                    },
                    "device_name": {
                      "type": "string",
                      "description_kind": "plain",
                      "optional": true
                    },
                    "guest_format": {
                      "type": "string",
                      "description_kind": "plain",
                      "optional": true
                    },
                    "source_type": {
                      "type": "string",
                      "description_kind": "plain",
                      "required": true
                    },
                    "uuid": {
                      "type": "string",
                      "description_kind": "plain",
                      "optional": true
                    },
                    "volume_size": {
                      "type": "number",
                      "description_kind": "plain",
                      "optional": true
                    },
                    "volume_type": {
                      "type": "string",
                      "description_kind": "plain",
                      "optional": true
                    }
                  },
                  "description_kind": "plain"
                }
              },
              "network": {
                "nesting_mode": "list",
                "block": {
                  "attributes": {
                    "access_network": {
                      "type": "bool",
                      "description_kind": "plain",
                      "optional": true
                    },
                    "fixed_ip_v4": {
                      "type": "string",
                      "description_kind": "plain",
                      "optional": true,
                      "computed": true
                    },
                    "fixed_ip_v6": {
                      "type": "string",
                      "description_kind": "plain",
                      "optional": true,
                      "computed": true
                    },
                    "mac": {
                      "type": "string",
                      "description_kind": "plain",
                      "computed": true
                    },
                    "name": {
                      "type": "string",
                      "description_kind": "plain",
                      "optional": true,
                      "computed": true
                    },
                    "port": {
                      "type": "string",
                      "description_kind": "plain",
                      "optional": true,
                      "computed": true
                    },
                    "uuid": {
                      "type": "string",
                      "description_kind": "plain",
                      "optional": true,
                      "computed": true
                    }
                  },
                  "description_kind": "plain"
                }
              },
              "timeouts": {
                "nesting_mode": "single",
                "block": {
                  "attributes": {
                    "create": {
                      "type": "string",
                      "description_kind": "plain",
                      "optional": true
                    },
                    "delete": {
                      "type": "string",
                      "description_kind": "plain",
                      "optional": true
                    },
                    "update": {
                      "type": "string",
                      "description_kind": "plain",
                      "optional": true
                    }
                  },
                  "description_kind": "plain"
                }
              }
            },
            "description_kind": "plain"
          }
        },
        "opentelekomcloud_compute_bms_tags_v2": {
          "version": 0,
          "block": {
            "attributes": {
              "id": {
                "type": "string",
                "description_kind": "plain",
                "optional": true,
                "computed": true
              },
              "region": {
                "type": "string",
                "description_kind": "plain",
                "optional": true,
                "computed": true
              },
              "server_id": {
                "type": "string",
                "description_kind": "plain",
                "required": true
              },
              "tags": {
                "type": [
                  "set",
                  "string"
                ],
                "description_kind": "plain",
                "required": true
              }
            },
            "block_types": {
              "timeouts": {
                "nesting_mode": "single",
                "block": {
                  "attributes": {
                    "create": {
                      "type": "string",
                      "description_kind": "plain",
                      "optional": true
                    },
                    "delete": {
                      "type": "string",
                      "description_kind": "plain",
                      "optional": true
                    }
                  },
                  "description_kind": "plain"
                }
              }
            },
            "description_kind": "plain"
          }
        },
        "opentelekomcloud_compute_floatingip_associate_v2": {
          "version": 0,
          "block": {
            "attributes": {
              "fixed_ip": {
                "type": "string",
                "description_kind": "plain",
                "optional": true
              },
              "floating_ip": {
                "type": "string",
                "description_kind": "plain",
                "required": true
              },
              "id": {
                "type": "string",
                "description_kind": "plain",
                "optional": true,
                "computed": true
              },
              "instance_id": {
                "type": "string",
                "description_kind": "plain",
                "required": true
              },
              "region": {
                "type": "string",
                "description_kind": "plain",
                "optional": true,
                "computed": true
              }
            },
            "description_kind": "plain",
            "deprecated": true
          }
        },
        "opentelekomcloud_compute_floatingip_v2": {
          "version": 0,
          "block": {
            "attributes": {
              "address": {
                "type": "string",
                "description_kind": "plain",
                "computed": true
              },
              "fixed_ip": {
                "type": "string",
                "description_kind": "plain",
                "computed": true
              },
              "id": {
                "type": "string",
                "description_kind": "plain",
                "optional": true,
                "computed": true
              },
              "instance_id": {
                "type": "string",
                "description_kind": "plain",
                "computed": true
              },
              "pool": {
                "type": "string",
                "description_kind": "plain",
                "optional": true
              },
              "region": {
                "type": "string",
                "description_kind": "plain",
                "optional": true,
                "computed": true
              }
            },
            "description_kind": "plain",
            "deprecated": true
          }
        },
        "opentelekomcloud_compute_instance_v2": {
          "version": 0,
          "block": {
            "attributes": {
              "access_ip_v4": {
                "type": "string",
                "description_kind": "plain",
                "optional": true,
                "computed": true
              },
              "access_ip_v6": {
                "type": "string",
                "description_kind": "plain",
                "optional": true,
                "computed": true
              },
              "admin_pass": {
                "type": "string",
                "description_kind": "plain",
                "optional": true,
                "sensitive": true
              },
              "all_metadata": {
                "type": [
                  "map",
                  "string"
                ],
                "description_kind": "plain",
                "computed": true
              },
              "auto_recovery": {
                "type": "bool",
                "description_kind": "plain",
                "optional": true,
                "computed": true
              },
              "availability_zone": {
                "type": "string",
                "description_kind": "plain",
                "optional": true,
                "computed": true
              },
              "config_drive": {
                "type": "bool",
                "description_kind": "plain",
                "optional": true
              },
              "encrypted_password": {
                "type": "string",
                "description_kind": "plain",
                "computed": true,
                "sensitive": true
              },
              "flavor_id": {
                "type": "string",
                "description_kind": "plain",
                "optional": true,
                "computed": true
              },
              "flavor_name": {
                "type": "string",
                "description_kind": "plain",
                "optional": true,
                "computed": true
              },
              "id": {
                "type": "string",
                "description_kind": "plain",
                "optional": true,
                "computed": true
              },
              "image_id": {
                "type": "string",
                "description_kind": "plain",
                "optional": true,
                "computed": true
              },
              "image_name": {
                "type": "string",
                "description_kind": "plain",
                "optional": true,
                "computed": true
              },
              "key_pair": {
                "type": "string",
                "description_kind": "plain",
                "optional": true
              },
              "metadata": {
                "type": [
                  "map",
                  "string"
                ],
                "description_kind": "plain",
                "optional": true
              },
              "name": {
                "type": "string",
                "description_kind": "plain",
                "required": true
              },
              "password": {
                "type": "string",
                "description_kind": "plain",
                "computed": true,
                "sensitive": true
              },
              "power_state": {
                "type": "string",
                "description_kind": "plain",
                "optional": true
              },
              "region": {
                "type": "string",
                "description_kind": "plain",
                "optional": true,
                "computed": true
              },
              "security_groups": {
                "type": [
                  "set",
                  "string"
                ],
                "description_kind": "plain",
                "optional": true,
                "computed": true
              },
              "ssh_private_key_path": {
                "type": "string",
                "description_kind": "plain",
                "optional": true,
                "sensitive": true
              },
              "stop_before_destroy": {
                "type": "bool",
                "description_kind": "plain",
                "optional": true
              },
              "tags": {
                "type": [
                  "map",
                  "string"
                ],
                "description_kind": "plain",
                "optional": true
              },
              "user_data": {
                "type": "string",
                "description_kind": "plain",
                "optional": true
              },
              "volume_attached": {
                "type": [
                  "list",
                  [
                    "object",
                    {
                      "id": "string"
                    }
                  ]
                ],
                "description_kind": "plain",
                "computed": true
              }
            },
            "block_types": {
              "block_device": {
                "nesting_mode": "list",
                "block": {
                  "attributes": {
                    "boot_index": {
                      "type": "number",
                      "description_kind": "plain",
                      "optional": true
                    },
                    "delete_on_termination": {
                      "type": "bool",
                      "description_kind": "plain",
                      "optional": true
                    },
                    "destination_type": {
                      "type": "string",
                      "description_kind": "plain",
                      "optional": true
                    },
                    "device_name": {
                      "type": "string",
                      "description_kind": "plain",
                      "optional": true
                    },
                    "guest_format": {
                      "type": "string",
                      "description_kind": "plain",
                      "optional": true
                    },
                    "source_type": {
                      "type": "string",
                      "description_kind": "plain",
                      "required": true
                    },
                    "uuid": {
                      "type": "string",
                      "description_kind": "plain",
                      "optional": true
                    },
                    "volume_size": {
                      "type": "number",
                      "description_kind": "plain",
                      "optional": true
                    },
                    "volume_type": {
                      "type": "string",
                      "description_kind": "plain",
                      "optional": true
                    }
                  },
                  "description_kind": "plain"
                }
              },
              "network": {
                "nesting_mode": "list",
                "block": {
                  "attributes": {
                    "access_network": {
                      "type": "bool",
                      "description_kind": "plain",
                      "optional": true
                    },
                    "fixed_ip_v4": {
                      "type": "string",
                      "description_kind": "plain",
                      "optional": true,
                      "computed": true
                    },
                    "fixed_ip_v6": {
                      "type": "string",
                      "description_kind": "plain",
                      "optional": true,
                      "computed": true
                    },
                    "mac": {
                      "type": "string",
                      "description_kind": "plain",
                      "computed": true
                    },
                    "name": {
                      "type": "string",
                      "description_kind": "plain",
                      "optional": true,
                      "computed": true
                    },
                    "port": {
                      "type": "string",
                      "description_kind": "plain",
                      "optional": true,
                      "computed": true
                    },
                    "uuid": {
                      "type": "string",
                      "description_kind": "plain",
                      "optional": true,
                      "computed": true
                    }
                  },
                  "description_kind": "plain"
                }
              },
              "scheduler_hints": {
                "nesting_mode": "set",
                "block": {
                  "attributes": {
                    "build_near_host_ip": {
                      "type": "string",
                      "description_kind": "plain",
                      "optional": true
                    },
                    "deh_id": {
                      "type": "string",
                      "description_kind": "plain",
                      "optional": true
                    },
                    "different_host": {
                      "type": [
                        "list",
                        "string"
                      ],
                      "description_kind": "plain",
                      "optional": true
                    },
                    "group": {
                      "type": "string",
                      "description_kind": "plain",
                      "optional": true
                    },
                    "query": {
                      "type": [
                        "list",
                        "string"
                      ],
                      "description_kind": "plain",
                      "optional": true
                    },
                    "same_host": {
                      "type": [
                        "list",
                        "string"
                      ],
                      "description_kind": "plain",
                      "optional": true
                    },
                    "target_cell": {
                      "type": "string",
                      "description_kind": "plain",
                      "optional": true
                    },
                    "tenancy": {
                      "type": "string",
                      "description_kind": "plain",
                      "optional": true
                    }
                  },
                  "description_kind": "plain"
                }
              },
              "timeouts": {
                "nesting_mode": "single",
                "block": {
                  "attributes": {
                    "create": {
                      "type": "string",
                      "description_kind": "plain",
                      "optional": true
                    },
                    "delete": {
                      "type": "string",
                      "description_kind": "plain",
                      "optional": true
                    },
                    "update": {
                      "type": "string",
                      "description_kind": "plain",
                      "optional": true
                    }
                  },
                  "description_kind": "plain"
                }
              }
            },
            "description_kind": "plain"
          }
        },
        "opentelekomcloud_compute_keypair_v2": {
          "version": 0,
          "block": {
            "attributes": {
              "id": {
                "type": "string",
                "description_kind": "plain",
                "optional": true,
                "computed": true
              },
              "name": {
                "type": "string",
                "description_kind": "plain",
                "required": true
              },
              "private_key": {
                "type": "string",
                "description_kind": "plain",
                "computed": true
              },
              "public_key": {
                "type": "string",
                "description_kind": "plain",
                "optional": true,
                "computed": true
              },
              "region": {
                "type": "string",
                "description_kind": "plain",
                "optional": true,
                "computed": true
              },
              "shared": {
                "type": "bool",
                "description_kind": "plain",
                "computed": true
              },
              "value_specs": {
                "type": [
                  "map",
                  "string"
                ],
                "description_kind": "plain",
                "optional": true
              }
            },
            "description_kind": "plain"
          }
        },
        "opentelekomcloud_compute_secgroup_v2": {
          "version": 0,
          "block": {
            "attributes": {
              "description": {
                "type": "string",
                "description_kind": "plain",
                "required": true
              },
              "id": {
                "type": "string",
                "description_kind": "plain",
                "optional": true,
                "computed": true
              },
              "name": {
                "type": "string",
                "description_kind": "plain",
                "required": true
              },
              "region": {
                "type": "string",
                "description_kind": "plain",
                "optional": true,
                "computed": true
              }
            },
            "block_types": {
              "rule": {
                "nesting_mode": "set",
                "block": {
                  "attributes": {
                    "cidr": {
                      "type": "string",
                      "description_kind": "plain",
                      "optional": true
                    },
                    "from_group_id": {
                      "type": "string",
                      "description_kind": "plain",
                      "optional": true
                    },
                    "from_port": {
                      "type": "number",
                      "description_kind": "plain",
                      "required": true
                    },
                    "id": {
                      "type": "string",
                      "description_kind": "plain",
                      "computed": true
                    },
                    "ip_protocol": {
                      "type": "string",
                      "description_kind": "plain",
                      "required": true
                    },
                    "self": {
                      "type": "bool",
                      "description_kind": "plain",
                      "optional": true
                    },
                    "to_port": {
                      "type": "number",
                      "description_kind": "plain",
                      "required": true
                    }
                  },
                  "description_kind": "plain"
                }
              },
              "timeouts": {
                "nesting_mode": "single",
                "block": {
                  "attributes": {
                    "delete": {
                      "type": "string",
                      "description_kind": "plain",
                      "optional": true
                    }
                  },
                  "description_kind": "plain"
                }
              }
            },
            "description_kind": "plain",
            "deprecated": true
          }
        },
        "opentelekomcloud_compute_servergroup_v2": {
          "version": 0,
          "block": {
            "attributes": {
              "id": {
                "type": "string",
                "description_kind": "plain",
                "optional": true,
                "computed": true
              },
              "members": {
                "type": [
                  "list",
                  "string"
                ],
                "description_kind": "plain",
                "computed": true
              },
              "name": {
                "type": "string",
                "description_kind": "plain",
                "required": true
              },
              "policies": {
                "type": [
                  "list",
                  "string"
                ],
                "description_kind": "plain",
                "required": true
              },
              "region": {
                "type": "string",
                "description_kind": "plain",
                "optional": true,
                "computed": true
              },
              "value_specs": {
                "type": [
                  "map",
                  "string"
                ],
                "description_kind": "plain",
                "optional": true
              }
            },
            "description_kind": "plain"
          }
        },
        "opentelekomcloud_compute_volume_attach_v2": {
          "version": 0,
          "block": {
            "attributes": {
              "device": {
                "type": "string",
                "description_kind": "plain",
                "optional": true,
                "computed": true
              },
              "id": {
                "type": "string",
                "description_kind": "plain",
                "optional": true,
                "computed": true
              },
              "instance_id": {
                "type": "string",
                "description_kind": "plain",
                "required": true
              },
              "region": {
                "type": "string",
                "description_kind": "plain",
                "optional": true,
                "computed": true
              },
              "volume_id": {
                "type": "string",
                "description_kind": "plain",
                "required": true
              }
            },
            "block_types": {
              "timeouts": {
                "nesting_mode": "single",
                "block": {
                  "attributes": {
                    "create": {
                      "type": "string",
                      "description_kind": "plain",
                      "optional": true
                    },
                    "delete": {
                      "type": "string",
                      "description_kind": "plain",
                      "optional": true
                    }
                  },
                  "description_kind": "plain"
                }
              }
            },
            "description_kind": "plain"
          }
        },
        "opentelekomcloud_csbs_backup_policy_v1": {
          "version": 0,
          "block": {
            "attributes": {
              "common": {
                "type": [
                  "map",
                  "string"
                ],
                "description_kind": "plain",
                "optional": true
              },
              "created_at": {
                "type": "string",
                "description_kind": "plain",
                "computed": true
              },
              "description": {
                "type": "string",
                "description_kind": "plain",
                "optional": true
              },
              "id": {
                "type": "string",
                "description_kind": "plain",
                "optional": true,
                "computed": true
              },
              "name": {
                "type": "string",
                "description_kind": "plain",
                "required": true
              },
              "provider_id": {
                "type": "string",
                "description_kind": "plain",
                "optional": true
              },
              "region": {
                "type": "string",
                "description_kind": "plain",
                "optional": true,
                "computed": true
              },
              "status": {
                "type": "string",
                "description_kind": "plain",
                "computed": true
              },
              "tags": {
                "type": [
                  "map",
                  "string"
                ],
                "description_kind": "plain",
                "optional": true
              }
            },
            "block_types": {
              "resource": {
                "nesting_mode": "set",
                "block": {
                  "attributes": {
                    "id": {
                      "type": "string",
                      "description_kind": "plain",
                      "required": true
                    },
                    "name": {
                      "type": "string",
                      "description_kind": "plain",
                      "required": true
                    },
                    "type": {
                      "type": "string",
                      "description_kind": "plain",
                      "required": true
                    }
                  },
                  "description_kind": "plain"
                },
                "min_items": 1
              },
              "scheduled_operation": {
                "nesting_mode": "set",
                "block": {
                  "attributes": {
                    "day_backups": {
                      "type": "number",
                      "description_kind": "plain",
                      "optional": true
                    },
                    "description": {
                      "type": "string",
                      "description_kind": "plain",
                      "optional": true
                    },
                    "enabled": {
                      "type": "bool",
                      "description_kind": "plain",
                      "optional": true
                    },
                    "id": {
                      "type": "string",
                      "description_kind": "plain",
                      "computed": true
                    },
                    "max_backups": {
                      "type": "number",
                      "description_kind": "plain",
                      "optional": true
                    },
                    "month_backups": {
                      "type": "number",
                      "description_kind": "plain",
                      "optional": true
                    },
                    "name": {
                      "type": "string",
                      "description_kind": "plain",
                      "optional": true,
                      "computed": true
                    },
                    "operation_type": {
                      "type": "string",
                      "description_kind": "plain",
                      "required": true
                    },
                    "permanent": {
                      "type": "bool",
                      "description_kind": "plain",
                      "optional": true,
                      "computed": true
                    },
                    "retention_duration_days": {
                      "type": "number",
                      "description_kind": "plain",
                      "optional": true
                    },
                    "timezone": {
                      "type": "string",
                      "description_kind": "plain",
                      "optional": true
                    },
                    "trigger_id": {
                      "type": "string",
                      "description_kind": "plain",
                      "computed": true
                    },
                    "trigger_name": {
                      "type": "string",
                      "description_kind": "plain",
                      "computed": true
                    },
                    "trigger_pattern": {
                      "type": "string",
                      "description_kind": "plain",
                      "required": true
                    },
                    "trigger_type": {
                      "type": "string",
                      "description_kind": "plain",
                      "computed": true
                    },
                    "week_backups": {
                      "type": "number",
                      "description_kind": "plain",
                      "optional": true
                    },
                    "year_backups": {
                      "type": "number",
                      "description_kind": "plain",
                      "optional": true
                    }
                  },
                  "description_kind": "plain"
                },
                "min_items": 1,
                "max_items": 1
              },
              "timeouts": {
                "nesting_mode": "single",
                "block": {
                  "attributes": {
                    "create": {
                      "type": "string",
                      "description_kind": "plain",
                      "optional": true
                    },
                    "delete": {
                      "type": "string",
                      "description_kind": "plain",
                      "optional": true
                    }
                  },
                  "description_kind": "plain"
                }
              }
            },
            "description_kind": "plain"
          }
        },
        "opentelekomcloud_csbs_backup_v1": {
          "version": 0,
          "block": {
            "attributes": {
              "backup_name": {
                "type": "string",
                "description_kind": "plain",
                "optional": true,
                "computed": true
              },
              "backup_record_id": {
                "type": "string",
                "description_kind": "plain",
                "computed": true
              },
              "description": {
                "type": "string",
                "description_kind": "plain",
                "optional": true,
                "computed": true
              },
              "id": {
                "type": "string",
                "description_kind": "plain",
                "optional": true,
                "computed": true
              },
              "region": {
                "type": "string",
                "description_kind": "plain",
                "optional": true,
                "computed": true
              },
              "resource_id": {
                "type": "string",
                "description_kind": "plain",
                "required": true
              },
              "resource_type": {
                "type": "string",
                "description_kind": "plain",
                "optional": true
              },
              "status": {
                "type": "string",
                "description_kind": "plain",
                "computed": true
              },
              "tags": {
                "type": [
                  "map",
                  "string"
                ],
                "description_kind": "plain",
                "optional": true
              },
              "vm_metadata": {
                "type": [
                  "set",
                  [
                    "object",
                    {
                      "cloud_service_type": "string",
                      "disk": "number",
                      "eip": "string",
                      "image_type": "string",
                      "name": "string",
                      "private_ip": "string",
                      "ram": "number",
                      "vcpus": "number"
                    }
                  ]
                ],
                "description_kind": "plain",
                "computed": true
              },
              "volume_backups": {
                "type": [
                  "set",
                  [
                    "object",
                    {
                      "average_speed": "number",
                      "bootable": "bool",
                      "id": "string",
                      "image_type": "string",
                      "incremental": "bool",
                      "name": "string",
                      "size": "number",
                      "snapshot_id": "string",
                      "source_volume_id": "string",
                      "source_volume_name": "string",
                      "source_volume_size": "number",
                      "space_saving_ratio": "number",
                      "status": "string"
                    }
                  ]
                ],
                "description_kind": "plain",
                "computed": true
              }
            },
            "block_types": {
              "timeouts": {
                "nesting_mode": "single",
                "block": {
                  "attributes": {
                    "create": {
                      "type": "string",
                      "description_kind": "plain",
                      "optional": true
                    },
                    "delete": {
                      "type": "string",
                      "description_kind": "plain",
                      "optional": true
                    }
                  },
                  "description_kind": "plain"
                }
              }
            },
            "description_kind": "plain"
          }
        },
        "opentelekomcloud_css_cluster_v1": {
          "version": 0,
          "block": {
            "attributes": {
              "admin_pass": {
                "type": "string",
                "description_kind": "plain",
                "optional": true
              },
              "created": {
                "type": "string",
                "description_kind": "plain",
                "computed": true
              },
              "enable_authority": {
                "type": "bool",
                "description_kind": "plain",
                "optional": true,
                "computed": true
              },
              "enable_https": {
                "type": "bool",
                "description_kind": "plain",
                "optional": true,
                "computed": true
              },
              "endpoint": {
                "type": "string",
                "description_kind": "plain",
                "computed": true
              },
              "expect_node_num": {
                "type": "number",
                "description_kind": "plain",
                "optional": true
              },
              "id": {
                "type": "string",
                "description_kind": "plain",
                "optional": true,
                "computed": true
              },
              "name": {
                "type": "string",
                "description_kind": "plain",
                "required": true
              },
              "nodes": {
                "type": [
                  "list",
                  [
                    "object",
                    {
                      "id": "string",
                      "name": "string",
                      "type": "string"
                    }
                  ]
                ],
                "description_kind": "plain",
                "computed": true
              },
              "tags": {
                "type": [
                  "map",
                  "string"
                ],
                "description_kind": "plain",
                "optional": true
              },
              "updated": {
                "type": "string",
                "description_kind": "plain",
                "computed": true
              }
            },
            "block_types": {
              "datastore": {
                "nesting_mode": "list",
                "block": {
                  "attributes": {
                    "type": {
                      "type": "string",
                      "description_kind": "plain",
                      "optional": true
                    },
                    "version": {
                      "type": "string",
                      "description_kind": "plain",
                      "optional": true
                    }
                  },
                  "description_kind": "plain"
                },
                "max_items": 1
              },
              "node_config": {
                "nesting_mode": "list",
                "block": {
                  "attributes": {
                    "availability_zone": {
                      "type": "string",
                      "description_kind": "plain",
                      "optional": true
                    },
                    "flavor": {
                      "type": "string",
                      "description_kind": "plain",
                      "required": true
                    }
                  },
                  "block_types": {
                    "network_info": {
                      "nesting_mode": "list",
                      "block": {
                        "attributes": {
                          "network_id": {
                            "type": "string",
                            "description_kind": "plain",
                            "required": true
                          },
                          "security_group_id": {
                            "type": "string",
                            "description_kind": "plain",
                            "required": true
                          },
                          "vpc_id": {
                            "type": "string",
                            "description_kind": "plain",
                            "required": true
                          }
                        },
                        "description_kind": "plain"
                      },
                      "min_items": 1,
                      "max_items": 1
                    },
                    "volume": {
                      "nesting_mode": "list",
                      "block": {
                        "attributes": {
                          "encryption_key": {
                            "type": "string",
                            "description_kind": "plain",
                            "optional": true,
                            "computed": true
                          },
                          "size": {
                            "type": "number",
                            "description_kind": "plain",
                            "required": true
                          },
                          "volume_type": {
                            "type": "string",
                            "description_kind": "plain",
                            "required": true
                          }
                        },
                        "description_kind": "plain"
                      },
                      "min_items": 1,
                      "max_items": 1
                    }
                  },
                  "description_kind": "plain"
                },
                "min_items": 1,
                "max_items": 1
              },
              "timeouts": {
                "nesting_mode": "single",
                "block": {
                  "attributes": {
                    "create": {
                      "type": "string",
                      "description_kind": "plain",
                      "optional": true
                    },
                    "update": {
                      "type": "string",
                      "description_kind": "plain",
                      "optional": true
                    }
                  },
                  "description_kind": "plain"
                }
              }
            },
            "description_kind": "plain"
          }
        },
        "opentelekomcloud_css_snapshot_configuration_v1": {
          "version": 0,
          "block": {
            "attributes": {
              "automatic": {
                "type": "bool",
                "description_kind": "plain",
                "optional": true
              },
              "base_path": {
                "type": "string",
                "description_kind": "plain",
                "computed": true
              },
              "cluster_id": {
                "type": "string",
                "description_kind": "plain",
                "required": true
              },
              "id": {
                "type": "string",
                "description_kind": "plain",
                "optional": true,
                "computed": true
              }
            },
            "block_types": {
              "configuration": {
                "nesting_mode": "list",
                "block": {
                  "attributes": {
                    "agency": {
                      "type": "string",
                      "description_kind": "plain",
                      "required": true
                    },
                    "bucket": {
                      "type": "string",
                      "description_kind": "plain",
                      "required": true
                    },
                    "kms_id": {
                      "type": "string",
                      "description_kind": "plain",
                      "optional": true
                    }
                  },
                  "description_kind": "plain"
                },
                "max_items": 1
              },
              "creation_policy": {
                "nesting_mode": "list",
                "block": {
                  "attributes": {
                    "delete_auto": {
                      "type": "bool",
                      "description_kind": "plain",
                      "optional": true
                    },
                    "enable": {
                      "type": "bool",
                      "description_kind": "plain",
                      "required": true
                    },
                    "keepday": {
                      "type": "number",
                      "description_kind": "plain",
                      "required": true
                    },
                    "period": {
                      "type": "string",
                      "description_kind": "plain",
                      "required": true
                    },
                    "prefix": {
                      "type": "string",
                      "description_kind": "plain",
                      "required": true
                    }
                  },
                  "description_kind": "plain"
                },
                "max_items": 1
              },
              "timeouts": {
                "nesting_mode": "single",
                "block": {
                  "attributes": {
                    "create": {
                      "type": "string",
                      "description_kind": "plain",
                      "optional": true
                    },
                    "update": {
                      "type": "string",
                      "description_kind": "plain",
                      "optional": true
                    }
                  },
                  "description_kind": "plain"
                }
              }
            },
            "description_kind": "plain"
          }
        },
        "opentelekomcloud_cts_event_notification_v3": {
          "version": 0,
          "block": {
            "attributes": {
              "create_time": {
                "type": "number",
                "description_kind": "plain",
                "computed": true
              },
              "id": {
                "type": "string",
                "description_kind": "plain",
                "optional": true,
                "computed": true
              },
              "notification_id": {
                "type": "string",
                "description_kind": "plain",
                "computed": true
              },
              "notification_name": {
                "type": "string",
                "description_kind": "plain",
                "required": true
              },
              "notification_type": {
                "type": "string",
                "description_kind": "plain",
                "computed": true
              },
              "operation_type": {
                "type": "string",
                "description_kind": "plain",
                "required": true
              },
              "project_id": {
                "type": "string",
                "description_kind": "plain",
                "computed": true
              },
              "status": {
                "type": "string",
                "description_kind": "plain",
                "optional": true,
                "computed": true
              },
              "topic_id": {
                "type": "string",
                "description_kind": "plain",
                "optional": true,
                "computed": true
              }
            },
            "block_types": {
              "notify_user_list": {
                "nesting_mode": "list",
                "block": {
                  "attributes": {
                    "user_group": {
                      "type": "string",
                      "description_kind": "plain",
                      "required": true
                    },
                    "user_list": {
                      "type": [
                        "list",
                        "string"
                      ],
                      "description_kind": "plain",
                      "required": true
                    }
                  },
                  "description_kind": "plain"
                }
              },
              "operations": {
                "nesting_mode": "list",
                "block": {
                  "attributes": {
                    "resource_type": {
                      "type": "string",
                      "description_kind": "plain",
                      "required": true
                    },
                    "service_type": {
                      "type": "string",
                      "description_kind": "plain",
                      "required": true
                    },
                    "trace_names": {
                      "type": [
                        "list",
                        "string"
                      ],
                      "description_kind": "plain",
                      "required": true
                    }
                  },
                  "description_kind": "plain"
                }
              }
            },
            "description_kind": "plain"
          }
        },
        "opentelekomcloud_cts_tracker_v1": {
          "version": 0,
          "block": {
            "attributes": {
              "bucket_name": {
                "type": "string",
                "description_kind": "plain",
                "required": true
              },
              "file_prefix_name": {
                "type": "string",
                "description_kind": "plain",
                "optional": true,
                "computed": true
              },
              "id": {
                "type": "string",
                "description_kind": "plain",
                "optional": true,
                "computed": true
              },
              "is_lts_enabled": {
                "type": "bool",
                "description_kind": "plain",
                "optional": true,
                "computed": true
              },
              "log_group_name": {
                "type": "string",
                "description_kind": "plain",
                "computed": true
              },
              "log_topic_name": {
                "type": "string",
                "description_kind": "plain",
                "computed": true
              },
              "region": {
                "type": "string",
                "description_kind": "plain",
                "computed": true
              },
              "status": {
                "type": "string",
                "description_kind": "plain",
                "computed": true
              },
              "tracker_name": {
                "type": "string",
                "description_kind": "plain",
                "computed": true
              }
            },
            "block_types": {
              "timeouts": {
                "nesting_mode": "single",
                "block": {
                  "attributes": {
                    "create": {
                      "type": "string",
                      "description_kind": "plain",
                      "optional": true
                    },
                    "delete": {
                      "type": "string",
                      "description_kind": "plain",
                      "optional": true
                    }
                  },
                  "description_kind": "plain"
                }
              }
            },
            "description_kind": "plain"
          }
        },
        "opentelekomcloud_dcs_instance_v1": {
          "version": 0,
          "block": {
            "attributes": {
              "available_zones": {
                "type": [
                  "list",
                  "string"
                ],
                "description_kind": "plain",
                "required": true
              },
              "backup_at": {
                "type": [
                  "list",
                  "number"
                ],
                "description_kind": "plain",
                "deprecated": true,
                "optional": true
              },
              "backup_type": {
                "type": "string",
                "description_kind": "plain",
                "deprecated": true,
                "optional": true
              },
              "begin_at": {
                "type": "string",
                "description_kind": "plain",
                "deprecated": true,
                "optional": true
              },
              "capacity": {
                "type": "number",
                "description_kind": "plain",
                "required": true
              },
              "created_at": {
                "type": "string",
                "description_kind": "plain",
                "computed": true
              },
              "description": {
                "type": "string",
                "description_kind": "plain",
                "optional": true,
                "computed": true
              },
              "enable_whitelist": {
                "type": "bool",
                "description_kind": "plain",
                "optional": true,
                "computed": true
              },
              "engine": {
                "type": "string",
                "description_kind": "plain",
                "required": true
              },
              "engine_version": {
                "type": "string",
                "description_kind": "plain",
                "required": true
              },
              "id": {
                "type": "string",
                "description_kind": "plain",
                "optional": true,
                "computed": true
              },
              "internal_version": {
                "type": "string",
                "description_kind": "plain",
                "computed": true
              },
              "ip": {
                "type": "string",
                "description_kind": "plain",
                "computed": true
              },
              "maintain_begin": {
                "type": "string",
                "description_kind": "plain",
                "optional": true,
                "computed": true
              },
              "maintain_end": {
                "type": "string",
                "description_kind": "plain",
                "optional": true,
                "computed": true
              },
              "max_memory": {
                "type": "number",
                "description_kind": "plain",
                "computed": true
              },
              "name": {
                "type": "string",
                "description_kind": "plain",
                "required": true
              },
              "order_id": {
                "type": "string",
                "description_kind": "plain",
                "computed": true
              },
              "password": {
                "type": "string",
                "description_kind": "plain",
                "required": true,
                "sensitive": true
              },
              "period_type": {
                "type": "string",
                "description_kind": "plain",
                "deprecated": true,
                "optional": true
              },
              "port": {
                "type": "number",
                "description_kind": "plain",
                "computed": true
              },
              "product_id": {
                "type": "string",
                "description_kind": "plain",
                "required": true
              },
              "resource_spec_code": {
                "type": "string",
                "description_kind": "plain",
                "computed": true
              },
              "save_days": {
                "type": "number",
                "description_kind": "plain",
                "deprecated": true,
                "optional": true
              },
              "security_group_id": {
                "type": "string",
                "description_kind": "plain",
                "optional": true
              },
              "security_group_name": {
                "type": "string",
                "description_kind": "plain",
                "computed": true
              },
              "status": {
                "type": "string",
                "description_kind": "plain",
                "computed": true
              },
              "subnet_id": {
                "type": "string",
                "description_kind": "plain",
                "required": true
              },
              "subnet_name": {
                "type": "string",
                "description_kind": "plain",
                "computed": true
              },
              "used_memory": {
                "type": "number",
                "description_kind": "plain",
                "computed": true
              },
              "user_id": {
                "type": "string",
                "description_kind": "plain",
                "computed": true
              },
              "user_name": {
                "type": "string",
                "description_kind": "plain",
                "computed": true
              },
              "vpc_id": {
                "type": "string",
                "description_kind": "plain",
                "required": true
              },
              "vpc_name": {
                "type": "string",
                "description_kind": "plain",
                "computed": true
              }
            },
            "block_types": {
              "backup_policy": {
                "nesting_mode": "list",
                "block": {
                  "attributes": {
                    "backup_at": {
                      "type": [
                        "list",
                        "number"
                      ],
                      "description_kind": "plain",
                      "required": true
                    },
                    "backup_type": {
                      "type": "string",
                      "description_kind": "plain",
                      "optional": true
                    },
                    "begin_at": {
                      "type": "string",
                      "description_kind": "plain",
                      "required": true
                    },
                    "period_type": {
                      "type": "string",
                      "description_kind": "plain",
                      "required": true
                    },
                    "save_days": {
                      "type": "number",
                      "description_kind": "plain",
                      "optional": true
                    }
                  },
                  "description_kind": "plain"
                },
                "max_items": 1
              },
              "configuration": {
                "nesting_mode": "list",
                "block": {
                  "attributes": {
                    "parameter_id": {
                      "type": "string",
                      "description_kind": "plain",
                      "required": true
                    },
                    "parameter_name": {
                      "type": "string",
                      "description_kind": "plain",
                      "required": true
                    },
                    "parameter_value": {
                      "type": "string",
                      "description_kind": "plain",
                      "required": true
                    }
                  },
                  "description_kind": "plain"
                }
              },
              "timeouts": {
                "nesting_mode": "single",
                "block": {
                  "attributes": {
                    "create": {
                      "type": "string",
                      "description_kind": "plain",
                      "optional": true
                    },
                    "delete": {
                      "type": "string",
                      "description_kind": "plain",
                      "optional": true
                    },
                    "update": {
                      "type": "string",
                      "description_kind": "plain",
                      "optional": true
                    }
                  },
                  "description_kind": "plain"
                }
              },
              "whitelist": {
                "nesting_mode": "set",
                "block": {
                  "attributes": {
                    "group_name": {
                      "type": "string",
                      "description_kind": "plain",
                      "required": true
                    },
                    "ip_list": {
                      "type": [
                        "list",
                        "string"
                      ],
                      "description_kind": "plain",
                      "required": true
                    }
                  },
                  "description_kind": "plain"
                }
              }
            },
            "description_kind": "plain"
          }
        },
        "opentelekomcloud_dds_instance_v3": {
          "version": 0,
          "block": {
            "attributes": {
              "availability_zone": {
                "type": "string",
                "description_kind": "plain",
                "required": true
              },
              "db_username": {
                "type": "string",
                "description_kind": "plain",
                "computed": true
              },
              "disk_encryption_id": {
                "type": "string",
                "description_kind": "plain",
                "optional": true
              },
              "id": {
                "type": "string",
                "description_kind": "plain",
                "optional": true,
                "computed": true
              },
              "mode": {
                "type": "string",
                "description_kind": "plain",
                "required": true
              },
              "name": {
                "type": "string",
                "description_kind": "plain",
                "required": true
              },
              "nodes": {
                "type": [
                  "list",
                  [
                    "object",
                    {
                      "id": "string",
                      "name": "string",
                      "private_ip": "string",
                      "public_ip": "string",
                      "role": "string",
                      "status": "string",
                      "type": "string"
                    }
                  ]
                ],
                "description_kind": "plain",
                "computed": true
              },
              "password": {
                "type": "string",
                "description_kind": "plain",
                "required": true,
                "sensitive": true
              },
              "pay_mode": {
                "type": "string",
                "description_kind": "plain",
                "computed": true
              },
              "port": {
                "type": "number",
                "description_kind": "plain",
                "computed": true
              },
              "region": {
                "type": "string",
                "description_kind": "plain",
                "optional": true,
                "computed": true
              },
              "security_group_id": {
                "type": "string",
                "description_kind": "plain",
                "required": true
              },
              "ssl": {
                "type": "bool",
                "description_kind": "plain",
                "optional": true
              },
              "status": {
                "type": "string",
                "description_kind": "plain",
                "computed": true
              },
              "subnet_id": {
                "type": "string",
                "description_kind": "plain",
                "required": true
              },
              "tags": {
                "type": [
                  "map",
                  "string"
                ],
                "description_kind": "plain",
                "optional": true
              },
              "vpc_id": {
                "type": "string",
                "description_kind": "plain",
                "required": true
              }
            },
            "block_types": {
              "backup_strategy": {
                "nesting_mode": "list",
                "block": {
                  "attributes": {
                    "keep_days": {
                      "type": "number",
                      "description_kind": "plain",
                      "required": true
                    },
                    "start_time": {
                      "type": "string",
                      "description_kind": "plain",
                      "required": true
                    }
                  },
                  "description_kind": "plain"
                },
                "max_items": 1
              },
              "datastore": {
                "nesting_mode": "list",
                "block": {
                  "attributes": {
                    "storage_engine": {
                      "type": "string",
                      "description_kind": "plain",
                      "optional": true
                    },
                    "type": {
                      "type": "string",
                      "description_kind": "plain",
                      "required": true
                    },
                    "version": {
                      "type": "string",
                      "description_kind": "plain",
                      "required": true
                    }
                  },
                  "description_kind": "plain"
                },
                "min_items": 1,
                "max_items": 1
              },
              "flavor": {
                "nesting_mode": "list",
                "block": {
                  "attributes": {
                    "num": {
                      "type": "number",
                      "description_kind": "plain",
                      "required": true
                    },
                    "size": {
                      "type": "number",
                      "description_kind": "plain",
                      "optional": true
                    },
                    "spec_code": {
                      "type": "string",
                      "description_kind": "plain",
                      "required": true
                    },
                    "storage": {
                      "type": "string",
                      "description_kind": "plain",
                      "optional": true
                    },
                    "type": {
                      "type": "string",
                      "description_kind": "plain",
                      "required": true
                    }
                  },
                  "description_kind": "plain"
                },
                "min_items": 1
              },
              "timeouts": {
                "nesting_mode": "single",
                "block": {
                  "attributes": {
                    "create": {
                      "type": "string",
                      "description_kind": "plain",
                      "optional": true
                    },
                    "delete": {
                      "type": "string",
                      "description_kind": "plain",
                      "optional": true
                    },
                    "update": {
                      "type": "string",
                      "description_kind": "plain",
                      "optional": true
                    }
                  },
                  "description_kind": "plain"
                }
              }
            },
            "description_kind": "plain"
          }
        },
        "opentelekomcloud_deh_host_v1": {
          "version": 0,
          "block": {
            "attributes": {
              "auto_placement": {
                "type": "string",
                "description_kind": "plain",
                "optional": true
              },
              "availability_zone": {
                "type": "string",
                "description_kind": "plain",
                "required": true
              },
              "available_memory": {
                "type": "number",
                "description_kind": "plain",
                "optional": true,
                "computed": true
              },
              "available_vcpus": {
                "type": "number",
                "description_kind": "plain",
                "optional": true,
                "computed": true
              },
              "cores": {
                "type": "number",
                "description_kind": "plain",
                "optional": true,
                "computed": true
              },
              "host_type": {
                "type": "string",
                "description_kind": "plain",
                "required": true
              },
              "host_type_name": {
                "type": "string",
                "description_kind": "plain",
                "optional": true,
                "computed": true
              },
              "id": {
                "type": "string",
                "description_kind": "plain",
                "optional": true,
                "computed": true
              },
              "instance_total": {
                "type": "number",
                "description_kind": "plain",
                "optional": true,
                "computed": true
              },
              "instance_uuids": {
                "type": [
                  "list",
                  "string"
                ],
                "description_kind": "plain",
                "optional": true,
                "computed": true
              },
              "memory": {
                "type": "number",
                "description_kind": "plain",
                "optional": true,
                "computed": true
              },
              "name": {
                "type": "string",
                "description_kind": "plain",
                "required": true
              },
              "region": {
                "type": "string",
                "description_kind": "plain",
                "optional": true,
                "computed": true
              },
              "sockets": {
                "type": "number",
                "description_kind": "plain",
                "optional": true,
                "computed": true
              },
              "status": {
                "type": "string",
                "description_kind": "plain",
                "optional": true,
                "computed": true
              },
              "vcpus": {
                "type": "number",
                "description_kind": "plain",
                "optional": true,
                "computed": true
              }
            },
            "block_types": {
              "available_instance_capacities": {
                "nesting_mode": "list",
                "block": {
                  "attributes": {
                    "flavor": {
                      "type": "string",
                      "description_kind": "plain",
                      "computed": true
                    }
                  },
                  "description_kind": "plain"
                }
              },
              "timeouts": {
                "nesting_mode": "single",
                "block": {
                  "attributes": {
                    "create": {
                      "type": "string",
                      "description_kind": "plain",
                      "optional": true
                    },
                    "delete": {
                      "type": "string",
                      "description_kind": "plain",
                      "optional": true
                    }
                  },
                  "description_kind": "plain"
                }
              }
            },
            "description_kind": "plain"
          }
        },
        "opentelekomcloud_dms_instance_v1": {
          "version": 0,
          "block": {
            "attributes": {
              "access_user": {
                "type": "string",
                "description_kind": "plain",
                "optional": true
              },
              "available_zones": {
                "type": [
                  "list",
                  "string"
                ],
                "description_kind": "plain",
                "required": true
              },
              "connect_address": {
                "type": "string",
                "description_kind": "plain",
                "computed": true
              },
              "created_at": {
                "type": "string",
                "description_kind": "plain",
                "computed": true
              },
              "description": {
                "type": "string",
                "description_kind": "plain",
                "optional": true
              },
              "engine": {
                "type": "string",
                "description_kind": "plain",
                "required": true
              },
              "engine_version": {
                "type": "string",
                "description_kind": "plain",
                "required": true
              },
              "id": {
                "type": "string",
                "description_kind": "plain",
                "optional": true,
                "computed": true
              },
              "maintain_begin": {
                "type": "string",
                "description_kind": "plain",
                "optional": true,
                "computed": true
              },
              "maintain_end": {
                "type": "string",
                "description_kind": "plain",
                "optional": true,
                "computed": true
              },
              "name": {
                "type": "string",
                "description_kind": "plain",
                "required": true
              },
              "order_id": {
                "type": "string",
                "description_kind": "plain",
                "computed": true
              },
              "partition_num": {
                "type": "number",
                "description_kind": "plain",
                "optional": true
              },
              "password": {
                "type": "string",
                "description_kind": "plain",
                "optional": true,
                "sensitive": true
              },
              "port": {
                "type": "number",
                "description_kind": "plain",
                "computed": true
              },
              "product_id": {
                "type": "string",
                "description_kind": "plain",
                "required": true
              },
              "resource_spec_code": {
                "type": "string",
                "description_kind": "plain",
                "computed": true
              },
              "retention_policy": {
                "type": "string",
                "description_kind": "plain",
                "optional": true,
                "computed": true
              },
              "security_group_id": {
                "type": "string",
                "description_kind": "plain",
                "required": true
              },
              "security_group_name": {
                "type": "string",
                "description_kind": "plain",
                "computed": true
              },
              "specification": {
                "type": "string",
                "description_kind": "plain",
                "optional": true,
                "computed": true
              },
              "status": {
                "type": "string",
                "description_kind": "plain",
                "computed": true
              },
              "storage_space": {
                "type": "number",
                "description_kind": "plain",
                "required": true
              },
              "storage_spec_code": {
                "type": "string",
                "description_kind": "plain",
                "required": true
              },
              "subnet_id": {
                "type": "string",
                "description_kind": "plain",
                "required": true
              },
              "subnet_name": {
                "type": "string",
                "description_kind": "plain",
                "computed": true
              },
              "type": {
                "type": "string",
                "description_kind": "plain",
                "computed": true
              },
              "used_storage_space": {
                "type": "number",
                "description_kind": "plain",
                "computed": true
              },
              "user_id": {
                "type": "string",
                "description_kind": "plain",
                "computed": true
              },
              "user_name": {
                "type": "string",
                "description_kind": "plain",
                "computed": true
              },
              "vpc_id": {
                "type": "string",
                "description_kind": "plain",
                "required": true
              },
              "vpc_name": {
                "type": "string",
                "description_kind": "plain",
                "computed": true
              }
            },
            "description_kind": "plain"
          }
        },
        "opentelekomcloud_dms_instance_v2": {
          "version": 0,
          "block": {
            "attributes": {
              "access_user": {
                "type": "string",
                "description_kind": "plain",
                "optional": true
              },
              "available_zones": {
                "type": [
                  "list",
                  "string"
                ],
                "description_kind": "plain",
                "required": true
              },
              "connect_address": {
                "type": "string",
                "description_kind": "plain",
                "computed": true
              },
              "created_at": {
                "type": "string",
                "description_kind": "plain",
                "computed": true
              },
              "description": {
                "type": "string",
                "description_kind": "plain",
                "optional": true
              },
              "enable_publicip": {
                "type": "bool",
                "description_kind": "plain",
                "optional": true,
                "computed": true
              },
              "engine": {
                "type": "string",
                "description_kind": "plain",
                "required": true
              },
              "engine_version": {
                "type": "string",
                "description_kind": "plain",
                "required": true
              },
              "id": {
                "type": "string",
                "description_kind": "plain",
                "optional": true,
                "computed": true
              },
              "maintain_begin": {
                "type": "string",
                "description_kind": "plain",
                "optional": true,
                "computed": true
              },
              "maintain_end": {
                "type": "string",
                "description_kind": "plain",
                "optional": true,
                "computed": true
              },
              "name": {
                "type": "string",
                "description_kind": "plain",
                "required": true
              },
              "node_num": {
                "type": "number",
                "description_kind": "plain",
                "computed": true
              },
              "partition_num": {
                "type": "number",
                "description_kind": "plain",
                "optional": true
              },
              "password": {
                "type": "string",
                "description_kind": "plain",
                "optional": true,
                "sensitive": true
              },
              "port": {
                "type": "number",
                "description_kind": "plain",
                "computed": true
              },
              "product_id": {
                "type": "string",
                "description_kind": "plain",
                "required": true
              },
              "public_access_enabled": {
                "type": "string",
                "description_kind": "plain",
                "computed": true
              },
              "public_bandwidth": {
                "type": "number",
                "description_kind": "plain",
                "optional": true,
                "computed": true
              },
              "public_connect_address": {
                "type": [
                  "list",
                  "string"
                ],
                "description_kind": "plain",
                "computed": true
              },
              "publicip_id": {
                "type": [
                  "list",
                  "string"
                ],
                "description_kind": "plain",
                "optional": true
              },
              "resource_spec_code": {
                "type": "string",
                "description_kind": "plain",
                "computed": true
              },
              "retention_policy": {
                "type": "string",
                "description_kind": "plain",
                "optional": true,
                "computed": true
              },
              "security_group_id": {
                "type": "string",
                "description_kind": "plain",
                "required": true
              },
              "security_group_name": {
                "type": "string",
                "description_kind": "plain",
                "computed": true
              },
              "specification": {
                "type": "string",
                "description_kind": "plain",
                "optional": true,
                "computed": true
              },
              "ssl_enable": {
                "type": "bool",
                "description_kind": "plain",
                "computed": true
              },
              "status": {
                "type": "string",
                "description_kind": "plain",
                "computed": true
              },
              "storage_resource_id": {
                "type": "string",
                "description_kind": "plain",
                "computed": true
              },
              "storage_space": {
                "type": "number",
                "description_kind": "plain",
                "required": true
              },
              "storage_spec_code": {
                "type": "string",
                "description_kind": "plain",
                "required": true
              },
              "subnet_cidr": {
                "type": "string",
                "description_kind": "plain",
                "computed": true
              },
              "subnet_id": {
                "type": "string",
                "description_kind": "plain",
                "required": true
              },
              "subnet_name": {
                "type": "string",
                "description_kind": "plain",
                "computed": true
              },
              "tags": {
                "type": [
                  "map",
                  "string"
                ],
                "description_kind": "plain",
                "optional": true
              },
              "total_storage_space": {
                "type": "number",
                "description_kind": "plain",
                "computed": true
              },
              "type": {
                "type": "string",
                "description_kind": "plain",
                "computed": true
              },
              "used_storage_space": {
                "type": "number",
                "description_kind": "plain",
                "computed": true
              },
              "user_id": {
                "type": "string",
                "description_kind": "plain",
                "computed": true
              },
              "user_name": {
                "type": "string",
                "description_kind": "plain",
                "computed": true
              },
              "vpc_id": {
                "type": "string",
                "description_kind": "plain",
                "required": true
              },
              "vpc_name": {
                "type": "string",
                "description_kind": "plain",
                "computed": true
              }
            },
            "block_types": {
              "timeouts": {
                "nesting_mode": "single",
                "block": {
                  "attributes": {
                    "create": {
                      "type": "string",
                      "description_kind": "plain",
                      "optional": true
                    },
                    "delete": {
                      "type": "string",
                      "description_kind": "plain",
                      "optional": true
                    },
                    "update": {
                      "type": "string",
                      "description_kind": "plain",
                      "optional": true
                    }
                  },
                  "description_kind": "plain"
                }
              }
            },
            "description_kind": "plain"
          }
        },
        "opentelekomcloud_dms_topic_v1": {
          "version": 0,
          "block": {
            "attributes": {
              "id": {
                "type": "string",
                "description_kind": "plain",
                "optional": true,
                "computed": true
              },
              "instance_id": {
                "type": "string",
                "description_kind": "plain",
                "required": true
              },
              "max_partitions": {
                "type": "number",
                "description_kind": "plain",
                "optional": true,
                "computed": true
              },
              "name": {
                "type": "string",
                "description_kind": "plain",
                "required": true
              },
              "partition": {
                "type": "number",
                "description_kind": "plain",
                "optional": true,
                "computed": true
              },
              "remain_partitions": {
                "type": "number",
                "description_kind": "plain",
                "optional": true,
                "computed": true
              },
              "replication": {
                "type": "number",
                "description_kind": "plain",
                "optional": true,
                "computed": true
              },
              "retention_time": {
                "type": "number",
                "description_kind": "plain",
                "optional": true,
                "computed": true
              },
              "size": {
                "type": "number",
                "description_kind": "plain",
                "optional": true,
                "computed": true
              },
              "sync_message_flush": {
                "type": "bool",
                "description_kind": "plain",
                "optional": true,
                "computed": true
              },
              "sync_replication": {
                "type": "bool",
                "description_kind": "plain",
                "optional": true,
                "computed": true
              }
            },
            "description_kind": "plain"
          }
        },
        "opentelekomcloud_dns_ptrrecord_v2": {
          "version": 0,
          "block": {
            "attributes": {
              "address": {
                "type": "string",
                "description_kind": "plain",
                "computed": true
              },
              "description": {
                "type": "string",
                "description_kind": "plain",
                "optional": true
              },
              "floatingip_id": {
                "type": "string",
                "description_kind": "plain",
                "required": true
              },
              "id": {
                "type": "string",
                "description_kind": "plain",
                "optional": true,
                "computed": true
              },
              "name": {
                "type": "string",
                "description_kind": "plain",
                "required": true
              },
              "tags": {
                "type": [
                  "map",
                  "string"
                ],
                "description_kind": "plain",
                "optional": true
              },
              "ttl": {
                "type": "number",
                "description_kind": "plain",
                "optional": true
              }
            },
            "block_types": {
              "timeouts": {
                "nesting_mode": "single",
                "block": {
                  "attributes": {
                    "create": {
                      "type": "string",
                      "description_kind": "plain",
                      "optional": true
                    },
                    "delete": {
                      "type": "string",
                      "description_kind": "plain",
                      "optional": true
                    },
                    "update": {
                      "type": "string",
                      "description_kind": "plain",
                      "optional": true
                    }
                  },
                  "description_kind": "plain"
                }
              }
            },
            "description_kind": "plain"
          }
        },
        "opentelekomcloud_dns_recordset_v2": {
          "version": 0,
          "block": {
            "attributes": {
              "description": {
                "type": "string",
                "description_kind": "plain",
                "optional": true
              },
              "id": {
                "type": "string",
                "description_kind": "plain",
                "optional": true,
                "computed": true
              },
              "name": {
                "type": "string",
                "description_kind": "plain",
                "required": true
              },
              "records": {
                "type": [
                  "set",
                  "string"
                ],
                "description_kind": "plain",
                "required": true
              },
              "region": {
                "type": "string",
                "description_kind": "plain",
                "optional": true,
                "computed": true
              },
              "shared": {
                "type": "bool",
                "description_kind": "plain",
                "computed": true
              },
              "tags": {
                "type": [
                  "map",
                  "string"
                ],
                "description_kind": "plain",
                "optional": true
              },
              "ttl": {
                "type": "number",
                "description_kind": "plain",
                "optional": true
              },
              "type": {
                "type": "string",
                "description_kind": "plain",
                "required": true
              },
              "value_specs": {
                "type": [
                  "map",
                  "string"
                ],
                "description_kind": "plain",
                "optional": true
              },
              "zone_id": {
                "type": "string",
                "description_kind": "plain",
                "required": true
              }
            },
            "block_types": {
              "timeouts": {
                "nesting_mode": "single",
                "block": {
                  "attributes": {
                    "create": {
                      "type": "string",
                      "description_kind": "plain",
                      "optional": true
                    },
                    "delete": {
                      "type": "string",
                      "description_kind": "plain",
                      "optional": true
                    },
                    "update": {
                      "type": "string",
                      "description_kind": "plain",
                      "optional": true
                    }
                  },
                  "description_kind": "plain"
                }
              }
            },
            "description_kind": "plain"
          }
        },
        "opentelekomcloud_dns_zone_v2": {
          "version": 0,
          "block": {
            "attributes": {
              "description": {
                "type": "string",
                "description_kind": "plain",
                "optional": true
              },
              "email": {
                "type": "string",
                "description_kind": "plain",
                "optional": true
              },
              "id": {
                "type": "string",
                "description_kind": "plain",
                "optional": true,
                "computed": true
              },
              "masters": {
                "type": [
                  "set",
                  "string"
                ],
                "description_kind": "plain",
                "computed": true
              },
              "name": {
                "type": "string",
                "description_kind": "plain",
                "required": true
              },
              "region": {
                "type": "string",
                "description_kind": "plain",
                "optional": true,
                "computed": true
              },
              "tags": {
                "type": [
                  "map",
                  "string"
                ],
                "description_kind": "plain",
                "optional": true
              },
              "ttl": {
                "type": "number",
                "description_kind": "plain",
                "optional": true
              },
              "type": {
                "type": "string",
                "description_kind": "plain",
                "optional": true
              },
              "value_specs": {
                "type": [
                  "map",
                  "string"
                ],
                "description_kind": "plain",
                "optional": true
              }
            },
            "block_types": {
              "router": {
                "nesting_mode": "set",
                "block": {
                  "attributes": {
                    "router_id": {
                      "type": "string",
                      "description_kind": "plain",
                      "required": true
                    },
                    "router_region": {
                      "type": "string",
                      "description_kind": "plain",
                      "required": true
                    }
                  },
                  "description_kind": "plain"
                }
              },
              "timeouts": {
                "nesting_mode": "single",
                "block": {
                  "attributes": {
                    "create": {
                      "type": "string",
                      "description_kind": "plain",
                      "optional": true
                    },
                    "delete": {
                      "type": "string",
                      "description_kind": "plain",
                      "optional": true
                    },
                    "update": {
                      "type": "string",
                      "description_kind": "plain",
                      "optional": true
                    }
                  },
                  "description_kind": "plain"
                }
              }
            },
            "description_kind": "plain"
          }
        },
        "opentelekomcloud_dws_cluster_v1": {
          "version": 0,
          "block": {
            "attributes": {
              "availability_zone": {
                "type": "string",
                "description_kind": "plain",
                "optional": true,
                "computed": true
              },
              "created": {
                "type": "string",
                "description_kind": "plain",
                "computed": true
              },
              "id": {
                "type": "string",
                "description_kind": "plain",
                "optional": true,
                "computed": true
              },
              "keep_last_manual_snapshot": {
                "type": "number",
                "description_kind": "plain",
                "optional": true,
                "computed": true
              },
              "name": {
                "type": "string",
                "description_kind": "plain",
                "required": true
              },
              "network_id": {
                "type": "string",
                "description_kind": "plain",
                "required": true
              },
              "node_type": {
                "type": "string",
                "description_kind": "plain",
                "required": true
              },
              "number_of_cn": {
                "type": "number",
                "description_kind": "plain",
                "optional": true
              },
              "number_of_node": {
                "type": "number",
                "description_kind": "plain",
                "required": true
              },
              "port": {
                "type": "number",
                "description_kind": "plain",
                "optional": true,
                "computed": true
              },
              "private_ip": {
                "type": [
                  "list",
                  "string"
                ],
                "description_kind": "plain",
                "computed": true
              },
              "recent_event": {
                "type": "number",
                "description_kind": "plain",
                "computed": true
              },
              "security_group_id": {
                "type": "string",
                "description_kind": "plain",
                "required": true
              },
              "status": {
                "type": "string",
                "description_kind": "plain",
                "computed": true
              },
              "sub_status": {
                "type": "string",
                "description_kind": "plain",
                "computed": true
              },
              "task_status": {
                "type": "string",
                "description_kind": "plain",
                "computed": true
              },
              "updated": {
                "type": "string",
                "description_kind": "plain",
                "computed": true
              },
              "user_name": {
                "type": "string",
                "description_kind": "plain",
                "required": true
              },
              "user_pwd": {
                "type": "string",
                "description_kind": "plain",
                "required": true,
                "sensitive": true
              },
              "version": {
                "type": "string",
                "description_kind": "plain",
                "computed": true
              },
              "vpc_id": {
                "type": "string",
                "description_kind": "plain",
                "required": true
              }
            },
            "block_types": {
              "endpoints": {
                "nesting_mode": "list",
                "block": {
                  "attributes": {
                    "connect_info": {
                      "type": "string",
                      "description_kind": "plain",
                      "computed": true
                    },
                    "jdbc_url": {
                      "type": "string",
                      "description_kind": "plain",
                      "computed": true
                    }
                  },
                  "description_kind": "plain"
                }
              },
              "public_endpoints": {
                "nesting_mode": "list",
                "block": {
                  "attributes": {
                    "jdbc_url": {
                      "type": "string",
                      "description_kind": "plain",
                      "computed": true
                    },
                    "public_connect_info": {
                      "type": "string",
                      "description_kind": "plain",
                      "computed": true
                    }
                  },
                  "description_kind": "plain"
                }
              },
              "public_ip": {
                "nesting_mode": "list",
                "block": {
                  "attributes": {
                    "eip_id": {
                      "type": "string",
                      "description_kind": "plain",
                      "optional": true,
                      "computed": true
                    },
                    "public_bind_type": {
                      "type": "string",
                      "description_kind": "plain",
                      "optional": true,
                      "computed": true
                    }
                  },
                  "description_kind": "plain"
                },
                "max_items": 1
              },
              "timeouts": {
                "nesting_mode": "single",
                "block": {
                  "attributes": {
                    "create": {
                      "type": "string",
                      "description_kind": "plain",
                      "optional": true
                    },
                    "delete": {
                      "type": "string",
                      "description_kind": "plain",
                      "optional": true
                    },
                    "update": {
                      "type": "string",
                      "description_kind": "plain",
                      "optional": true
                    }
                  },
                  "description_kind": "plain"
                }
              }
            },
            "description_kind": "plain"
          }
        },
        "opentelekomcloud_ecs_instance_v1": {
          "version": 0,
          "block": {
            "attributes": {
              "auto_recovery": {
                "type": "bool",
                "description_kind": "plain",
                "optional": true,
                "computed": true
              },
              "availability_zone": {
                "type": "string",
                "description_kind": "plain",
                "required": true
              },
              "delete_disks_on_termination": {
                "type": "bool",
                "description_kind": "plain",
                "optional": true
              },
              "flavor": {
                "type": "string",
                "description_kind": "plain",
                "required": true
              },
              "id": {
                "type": "string",
                "description_kind": "plain",
                "optional": true,
                "computed": true
              },
              "image_id": {
                "type": "string",
                "description_kind": "plain",
                "required": true
              },
              "key_name": {
                "type": "string",
                "description_kind": "plain",
                "optional": true
              },
              "name": {
                "type": "string",
                "description_kind": "plain",
                "required": true
              },
              "password": {
                "type": "string",
                "description_kind": "plain",
                "optional": true,
                "sensitive": true
              },
              "security_groups": {
                "type": [
                  "set",
                  "string"
                ],
                "description_kind": "plain",
                "optional": true,
                "computed": true
              },
              "system_disk_id": {
                "type": "string",
                "description_kind": "plain",
                "computed": true
              },
              "system_disk_kms_id": {
                "type": "string",
                "description_kind": "plain",
                "optional": true
              },
              "system_disk_size": {
                "type": "number",
                "description_kind": "plain",
                "optional": true,
                "computed": true
              },
              "system_disk_type": {
                "type": "string",
                "description_kind": "plain",
                "optional": true,
                "computed": true
              },
              "tags": {
                "type": [
                  "map",
                  "string"
                ],
                "description_kind": "plain",
                "optional": true
              },
              "user_data": {
                "type": "string",
                "description_kind": "plain",
                "optional": true
              },
              "volumes_attached": {
                "type": [
                  "list",
                  [
                    "object",
                    {
                      "id": "string",
                      "kms_id": "string",
                      "size": "number",
                      "snapshot_id": "string",
                      "type": "string"
                    }
                  ]
                ],
                "description_kind": "plain",
                "computed": true
              },
              "vpc_id": {
                "type": "string",
                "description_kind": "plain",
                "required": true
              }
            },
            "block_types": {
              "data_disks": {
                "nesting_mode": "list",
                "block": {
                  "attributes": {
                    "id": {
                      "type": "string",
                      "description_kind": "plain",
                      "computed": true
                    },
                    "kms_id": {
                      "type": "string",
                      "description_kind": "plain",
                      "optional": true
                    },
                    "size": {
                      "type": "number",
                      "description_kind": "plain",
                      "required": true
                    },
                    "snapshot_id": {
                      "type": "string",
                      "description_kind": "plain",
                      "optional": true
                    },
                    "type": {
                      "type": "string",
                      "description_kind": "plain",
                      "required": true
                    }
                  },
                  "description_kind": "plain"
                },
                "max_items": 23
              },
              "nics": {
                "nesting_mode": "list",
                "block": {
                  "attributes": {
                    "ip_address": {
                      "type": "string",
                      "description_kind": "plain",
                      "optional": true,
                      "computed": true
                    },
                    "mac_address": {
                      "type": "string",
                      "description_kind": "plain",
                      "computed": true
                    },
                    "network_id": {
                      "type": "string",
                      "description_kind": "plain",
                      "required": true
                    },
                    "port_id": {
                      "type": "string",
                      "description_kind": "plain",
                      "computed": true
                    },
                    "type": {
                      "type": "string",
                      "description_kind": "plain",
                      "computed": true
                    }
                  },
                  "description_kind": "plain"
                },
                "min_items": 1,
                "max_items": 12
              },
              "timeouts": {
                "nesting_mode": "single",
                "block": {
                  "attributes": {
                    "create": {
                      "type": "string",
                      "description_kind": "plain",
                      "optional": true
                    },
                    "delete": {
                      "type": "string",
                      "description_kind": "plain",
                      "optional": true
                    },
                    "update": {
                      "type": "string",
                      "description_kind": "plain",
                      "optional": true
                    }
                  },
                  "description_kind": "plain"
                }
              }
            },
            "description_kind": "plain"
          }
        },
        "opentelekomcloud_evs_volume_v3": {
          "version": 0,
          "block": {
            "attributes": {
              "attachment": {
                "type": [
                  "set",
                  [
                    "object",
                    {
                      "device": "string",
                      "id": "string",
                      "instance_id": "string"
                    }
                  ]
                ],
                "description_kind": "plain",
                "computed": true
              },
              "availability_zone": {
                "type": "string",
                "description_kind": "plain",
                "required": true
              },
              "backup_id": {
                "type": "string",
                "description_kind": "plain",
                "optional": true
              },
              "cascade": {
                "type": "bool",
                "description_kind": "plain",
                "optional": true
              },
              "description": {
                "type": "string",
                "description_kind": "plain",
                "optional": true
              },
              "device_type": {
                "type": "string",
                "description_kind": "plain",
                "optional": true
              },
              "id": {
                "type": "string",
                "description_kind": "plain",
                "optional": true,
                "computed": true
              },
              "image_id": {
                "type": "string",
                "description_kind": "plain",
                "optional": true
              },
              "kms_id": {
                "type": "string",
                "description_kind": "plain",
                "optional": true
              },
              "multiattach": {
                "type": "bool",
                "description_kind": "plain",
                "optional": true
              },
              "name": {
                "type": "string",
                "description_kind": "plain",
                "optional": true
              },
              "size": {
                "type": "number",
                "description_kind": "plain",
                "optional": true,
                "computed": true
              },
              "snapshot_id": {
                "type": "string",
                "description_kind": "plain",
                "optional": true
              },
              "tags": {
                "type": [
                  "map",
                  "string"
                ],
                "description_kind": "plain",
                "optional": true
              },
              "volume_type": {
                "type": "string",
                "description_kind": "plain",
                "required": true
              },
              "wwn": {
                "type": "string",
                "description_kind": "plain",
                "computed": true
              }
            },
            "block_types": {
              "timeouts": {
                "nesting_mode": "single",
                "block": {
                  "attributes": {
                    "create": {
                      "type": "string",
                      "description_kind": "plain",
                      "optional": true
                    },
                    "delete": {
                      "type": "string",
                      "description_kind": "plain",
                      "optional": true
                    }
                  },
                  "description_kind": "plain"
                }
              }
            },
            "description_kind": "plain"
          }
        },
        "opentelekomcloud_fw_firewall_group_v2": {
          "version": 0,
          "block": {
            "attributes": {
              "admin_state_up": {
                "type": "bool",
                "description_kind": "plain",
                "optional": true
              },
              "description": {
                "type": "string",
                "description_kind": "plain",
                "optional": true
              },
              "egress_policy_id": {
                "type": "string",
                "description_kind": "plain",
                "optional": true
              },
              "id": {
                "type": "string",
                "description_kind": "plain",
                "optional": true,
                "computed": true
              },
              "ingress_policy_id": {
                "type": "string",
                "description_kind": "plain",
                "optional": true
              },
              "name": {
                "type": "string",
                "description_kind": "plain",
                "optional": true
              },
              "ports": {
                "type": [
                  "set",
                  "string"
                ],
                "description_kind": "plain",
                "optional": true,
                "computed": true
              },
              "region": {
                "type": "string",
                "description_kind": "plain",
                "optional": true,
                "computed": true
              },
              "tenant_id": {
                "type": "string",
                "description_kind": "plain",
                "optional": true,
                "computed": true
              },
              "value_specs": {
                "type": [
                  "map",
                  "string"
                ],
                "description_kind": "plain",
                "optional": true
              }
            },
            "block_types": {
              "timeouts": {
                "nesting_mode": "single",
                "block": {
                  "attributes": {
                    "create": {
                      "type": "string",
                      "description_kind": "plain",
                      "optional": true
                    },
                    "delete": {
                      "type": "string",
                      "description_kind": "plain",
                      "optional": true
                    },
                    "update": {
                      "type": "string",
                      "description_kind": "plain",
                      "optional": true
                    }
                  },
                  "description_kind": "plain"
                }
              }
            },
            "description_kind": "plain"
          }
        },
        "opentelekomcloud_fw_policy_v2": {
          "version": 0,
          "block": {
            "attributes": {
              "audited": {
                "type": "bool",
                "description_kind": "plain",
                "optional": true
              },
              "description": {
                "type": "string",
                "description_kind": "plain",
                "optional": true
              },
              "id": {
                "type": "string",
                "description_kind": "plain",
                "optional": true,
                "computed": true
              },
              "name": {
                "type": "string",
                "description_kind": "plain",
                "optional": true
              },
              "region": {
                "type": "string",
                "description_kind": "plain",
                "optional": true,
                "computed": true
              },
              "rules": {
                "type": [
                  "list",
                  "string"
                ],
                "description_kind": "plain",
                "optional": true
              },
              "shared": {
                "type": "bool",
                "description_kind": "plain",
                "optional": true
              },
              "tenant_id": {
                "type": "string",
                "description_kind": "plain",
                "optional": true,
                "computed": true
              },
              "value_specs": {
                "type": [
                  "map",
                  "string"
                ],
                "description_kind": "plain",
                "optional": true
              }
            },
            "block_types": {
              "timeouts": {
                "nesting_mode": "single",
                "block": {
                  "attributes": {
                    "create": {
                      "type": "string",
                      "description_kind": "plain",
                      "optional": true
                    },
                    "delete": {
                      "type": "string",
                      "description_kind": "plain",
                      "optional": true
                    }
                  },
                  "description_kind": "plain"
                }
              }
            },
            "description_kind": "plain"
          }
        },
        "opentelekomcloud_fw_rule_v2": {
          "version": 0,
          "block": {
            "attributes": {
              "action": {
                "type": "string",
                "description_kind": "plain",
                "required": true
              },
              "description": {
                "type": "string",
                "description_kind": "plain",
                "optional": true
              },
              "destination_ip_address": {
                "type": "string",
                "description_kind": "plain",
                "optional": true
              },
              "destination_port": {
                "type": "string",
                "description_kind": "plain",
                "optional": true
              },
              "enabled": {
                "type": "bool",
                "description_kind": "plain",
                "optional": true
              },
              "id": {
                "type": "string",
                "description_kind": "plain",
                "optional": true,
                "computed": true
              },
              "ip_version": {
                "type": "number",
                "description_kind": "plain",
                "optional": true
              },
              "name": {
                "type": "string",
                "description_kind": "plain",
                "optional": true
              },
              "protocol": {
                "type": "string",
                "description_kind": "plain",
                "required": true
              },
              "region": {
                "type": "string",
                "description_kind": "plain",
                "optional": true,
                "computed": true
              },
              "source_ip_address": {
                "type": "string",
                "description_kind": "plain",
                "optional": true
              },
              "source_port": {
                "type": "string",
                "description_kind": "plain",
                "optional": true
              },
              "tenant_id": {
                "type": "string",
                "description_kind": "plain",
                "optional": true
              },
              "value_specs": {
                "type": [
                  "map",
                  "string"
                ],
                "description_kind": "plain",
                "optional": true
              }
            },
            "description_kind": "plain"
          }
        },
        "opentelekomcloud_identity_agency_v3": {
          "version": 0,
          "block": {
            "attributes": {
              "create_time": {
                "type": "string",
                "description_kind": "plain",
                "computed": true
              },
              "delegated_domain_name": {
                "type": "string",
                "description_kind": "plain",
                "required": true
              },
              "description": {
                "type": "string",
                "description_kind": "plain",
                "optional": true,
                "computed": true
              },
              "domain_roles": {
                "type": [
                  "set",
                  "string"
                ],
                "description_kind": "plain",
                "optional": true
              },
              "duration": {
                "type": "string",
                "description_kind": "plain",
                "computed": true
              },
              "expire_time": {
                "type": "string",
                "description_kind": "plain",
                "computed": true
              },
              "id": {
                "type": "string",
                "description_kind": "plain",
                "optional": true,
                "computed": true
              },
              "name": {
                "type": "string",
                "description_kind": "plain",
                "required": true
              }
            },
            "block_types": {
              "project_role": {
                "nesting_mode": "set",
                "block": {
                  "attributes": {
                    "project": {
                      "type": "string",
                      "description_kind": "plain",
                      "required": true
                    },
                    "roles": {
                      "type": [
                        "set",
                        "string"
                      ],
                      "description_kind": "plain",
                      "required": true
                    }
                  },
                  "description_kind": "plain"
                }
              },
              "timeouts": {
                "nesting_mode": "single",
                "block": {
                  "attributes": {
                    "create": {
                      "type": "string",
                      "description_kind": "plain",
                      "optional": true
                    },
                    "delete": {
                      "type": "string",
                      "description_kind": "plain",
                      "optional": true
                    },
                    "update": {
                      "type": "string",
                      "description_kind": "plain",
                      "optional": true
                    }
                  },
                  "description_kind": "plain"
                }
              }
            },
            "description_kind": "plain"
          }
        },
        "opentelekomcloud_identity_credential_v3": {
          "version": 0,
          "block": {
            "attributes": {
              "access": {
                "type": "string",
                "description_kind": "plain",
                "computed": true,
                "sensitive": true
              },
              "create_time": {
                "type": "string",
                "description_kind": "plain",
                "computed": true
              },
              "description": {
                "type": "string",
                "description_kind": "plain",
                "optional": true
              },
              "id": {
                "type": "string",
                "description_kind": "plain",
                "optional": true,
                "computed": true
              },
              "key_fingerprint": {
                "type": "string",
                "description_kind": "plain",
                "computed": true
              },
              "last_use_time": {
                "type": "string",
                "description_kind": "plain",
                "computed": true
              },
              "pgp_key": {
                "type": "string",
                "description_kind": "plain",
                "optional": true
              },
              "secret": {
                "type": "string",
                "description_kind": "plain",
                "computed": true,
                "sensitive": true
              },
              "status": {
                "type": "string",
                "description_kind": "plain",
                "optional": true,
                "computed": true
              },
              "user_id": {
                "type": "string",
                "description_kind": "plain",
                "optional": true,
                "computed": true
              }
            },
            "description_kind": "plain"
          }
        },
        "opentelekomcloud_identity_group_membership_v3": {
          "version": 0,
          "block": {
            "attributes": {
              "group": {
                "type": "string",
                "description_kind": "plain",
                "required": true
              },
              "id": {
                "type": "string",
                "description_kind": "plain",
                "optional": true,
                "computed": true
              },
              "users": {
                "type": [
                  "set",
                  "string"
                ],
                "description_kind": "plain",
                "required": true
              }
            },
            "description_kind": "plain"
          }
        },
        "opentelekomcloud_identity_group_v3": {
          "version": 0,
          "block": {
            "attributes": {
              "description": {
                "type": "string",
                "description_kind": "plain",
                "optional": true
              },
              "domain_id": {
                "type": "string",
                "description_kind": "plain",
                "optional": true,
                "computed": true
              },
              "id": {
                "type": "string",
                "description_kind": "plain",
                "optional": true,
                "computed": true
              },
              "name": {
                "type": "string",
                "description_kind": "plain",
                "required": true
              },
              "region": {
                "type": "string",
                "description_kind": "plain",
                "optional": true,
                "computed": true
              }
            },
            "description_kind": "plain"
          }
        },
        "opentelekomcloud_identity_mapping_v3": {
          "version": 0,
          "block": {
            "attributes": {
              "id": {
                "type": "string",
                "description_kind": "plain",
                "optional": true,
                "computed": true
              },
              "links": {
                "type": [
                  "map",
                  "string"
                ],
                "description_kind": "plain",
                "computed": true
              },
              "mapping_id": {
                "type": "string",
                "description_kind": "plain",
                "required": true
              },
              "rules": {
                "type": "string",
                "description_kind": "plain",
                "required": true
              }
            },
            "description_kind": "plain"
          }
        },
        "opentelekomcloud_identity_project_v3": {
          "version": 0,
          "block": {
            "attributes": {
              "description": {
                "type": "string",
                "description_kind": "plain",
                "optional": true
              },
              "domain_id": {
                "type": "string",
                "description_kind": "plain",
                "optional": true,
                "computed": true
              },
              "enabled": {
                "type": "bool",
                "description_kind": "plain",
                "computed": true
              },
              "id": {
                "type": "string",
                "description_kind": "plain",
                "optional": true,
                "computed": true
              },
              "is_domain": {
                "type": "bool",
                "description_kind": "plain",
                "computed": true
              },
              "name": {
                "type": "string",
                "description_kind": "plain",
                "required": true
              },
              "parent_id": {
                "type": "string",
                "description_kind": "plain",
                "optional": true,
                "computed": true
              },
              "region": {
                "type": "string",
                "description_kind": "plain",
                "optional": true,
                "computed": true
              }
            },
            "description_kind": "plain"
          }
        },
        "opentelekomcloud_identity_protocol_v3": {
          "version": 0,
          "block": {
            "attributes": {
              "id": {
                "type": "string",
                "description_kind": "plain",
                "optional": true,
                "computed": true
              },
              "links": {
                "type": [
                  "map",
                  "string"
                ],
                "description_kind": "plain",
                "computed": true
              },
              "mapping_id": {
                "type": "string",
                "description_kind": "plain",
                "required": true
              },
              "protocol": {
                "type": "string",
                "description_kind": "plain",
                "required": true
              },
              "provider_id": {
                "type": "string",
                "description_kind": "plain",
                "required": true
              }
            },
            "block_types": {
              "metadata": {
                "nesting_mode": "list",
                "block": {
                  "attributes": {
                    "domain_id": {
                      "type": "string",
                      "description_kind": "plain",
                      "required": true
                    },
                    "metadata": {
                      "type": "string",
                      "description_kind": "plain",
                      "required": true
                    },
                    "xaccount_type": {
                      "type": "string",
                      "description_kind": "plain",
                      "optional": true
                    }
                  },
                  "description_kind": "plain"
                },
                "max_items": 1
              }
            },
            "description_kind": "plain"
          }
        },
        "opentelekomcloud_identity_provider_v3": {
          "version": 0,
          "block": {
            "attributes": {
              "description": {
                "type": "string",
                "description_kind": "plain",
                "optional": true
              },
              "enabled": {
                "type": "bool",
                "description_kind": "plain",
                "optional": true
              },
              "id": {
                "type": "string",
                "description_kind": "plain",
                "optional": true,
                "computed": true
              },
              "links": {
                "type": [
                  "map",
                  "string"
                ],
                "description_kind": "plain",
                "computed": true
              },
              "name": {
                "type": "string",
                "description_kind": "plain",
                "required": true
              },
              "remote_ids": {
                "type": [
                  "set",
                  "string"
                ],
                "description_kind": "plain",
                "computed": true
              }
            },
            "description_kind": "plain"
          }
        },
        "opentelekomcloud_identity_role_assignment_v3": {
          "version": 0,
          "block": {
            "attributes": {
              "domain_id": {
                "type": "string",
                "description_kind": "plain",
                "optional": true
              },
              "group_id": {
                "type": "string",
                "description_kind": "plain",
                "required": true
              },
              "id": {
                "type": "string",
                "description_kind": "plain",
                "optional": true,
                "computed": true
              },
              "project_id": {
                "type": "string",
                "description_kind": "plain",
                "optional": true
              },
              "role_id": {
                "type": "string",
                "description_kind": "plain",
                "required": true
              }
            },
            "description_kind": "plain"
          }
        },
        "opentelekomcloud_identity_role_v3": {
          "version": 0,
          "block": {
            "attributes": {
              "catalog": {
                "type": "string",
                "description_kind": "plain",
                "computed": true
              },
              "description": {
                "type": "string",
                "description_kind": "plain",
                "required": true
              },
              "display_layer": {
                "type": "string",
                "description_kind": "plain",
                "required": true
              },
              "display_name": {
                "type": "string",
                "description_kind": "plain",
                "required": true
              },
              "domain_id": {
                "type": "string",
                "description_kind": "plain",
                "computed": true
              },
              "id": {
                "type": "string",
                "description_kind": "plain",
                "optional": true,
                "computed": true
              },
              "name": {
                "type": "string",
                "description_kind": "plain",
                "computed": true
              }
            },
            "block_types": {
              "statement": {
                "nesting_mode": "list",
                "block": {
                  "attributes": {
                    "action": {
                      "type": [
                        "list",
                        "string"
                      ],
                      "description_kind": "plain",
                      "required": true
                    },
                    "condition": {
                      "type": "string",
                      "description_kind": "plain",
                      "optional": true
                    },
                    "effect": {
                      "type": "string",
                      "description_kind": "plain",
                      "required": true
                    },
                    "resource": {
                      "type": [
                        "list",
                        "string"
                      ],
                      "description_kind": "plain",
                      "optional": true
                    }
                  },
                  "description_kind": "plain"
                },
                "min_items": 1
              }
            },
            "description_kind": "plain"
          }
        },
        "opentelekomcloud_identity_user_group_membership_v3": {
          "version": 0,
          "block": {
            "attributes": {
              "groups": {
                "type": [
                  "set",
                  "string"
                ],
                "description_kind": "plain",
                "required": true
              },
              "id": {
                "type": "string",
                "description_kind": "plain",
                "optional": true,
                "computed": true
              },
              "user": {
                "type": "string",
                "description_kind": "plain",
                "required": true
              }
            },
            "description_kind": "plain"
          }
        },
        "opentelekomcloud_identity_user_v3": {
          "version": 0,
          "block": {
            "attributes": {
              "default_project_id": {
                "type": "string",
                "description_kind": "plain",
                "optional": true,
                "computed": true
              },
              "description": {
                "type": "string",
                "description_kind": "plain",
                "optional": true
              },
              "domain_id": {
                "type": "string",
                "description_kind": "plain",
                "optional": true,
                "computed": true
              },
              "email": {
                "type": "string",
                "description_kind": "plain",
                "optional": true,
                "computed": true
              },
              "enabled": {
                "type": "bool",
                "description_kind": "plain",
                "optional": true
              },
              "id": {
                "type": "string",
                "description_kind": "plain",
                "optional": true,
                "computed": true
              },
              "name": {
                "type": "string",
                "description_kind": "plain",
                "optional": true
              },
              "password": {
                "type": "string",
                "description_kind": "plain",
                "optional": true,
                "sensitive": true
              },
              "region": {
                "type": "string",
                "description_kind": "plain",
                "optional": true,
                "computed": true
              },
              "send_welcome_email": {
                "type": "bool",
                "description_kind": "plain",
                "optional": true
              }
            },
            "description_kind": "plain"
          }
        },
        "opentelekomcloud_images_image_access_accept_v2": {
          "version": 0,
          "block": {
            "attributes": {
              "created_at": {
                "type": "string",
                "description_kind": "plain",
                "computed": true
              },
              "id": {
                "type": "string",
                "description_kind": "plain",
                "optional": true,
                "computed": true
              },
              "image_id": {
                "type": "string",
                "description_kind": "plain",
                "required": true
              },
              "member_id": {
                "type": "string",
                "description_kind": "plain",
                "required": true
              },
              "schema": {
                "type": "string",
                "description_kind": "plain",
                "computed": true
              },
              "status": {
                "type": "string",
                "description_kind": "plain",
                "required": true
              },
              "updated_at": {
                "type": "string",
                "description_kind": "plain",
                "computed": true
              }
            },
            "description_kind": "plain"
          }
        },
        "opentelekomcloud_images_image_access_v2": {
          "version": 0,
          "block": {
            "attributes": {
              "created_at": {
                "type": "string",
                "description_kind": "plain",
                "computed": true
              },
              "id": {
                "type": "string",
                "description_kind": "plain",
                "optional": true,
                "computed": true
              },
              "image_id": {
                "type": "string",
                "description_kind": "plain",
                "required": true
              },
              "member_id": {
                "type": "string",
                "description_kind": "plain",
                "required": true
              },
              "schema": {
                "type": "string",
                "description_kind": "plain",
                "computed": true
              },
              "status": {
                "type": "string",
                "description_kind": "plain",
                "optional": true,
                "computed": true
              },
              "update_at": {
                "type": "string",
                "description_kind": "plain",
                "computed": true
              }
            },
            "description_kind": "plain"
          }
        },
        "opentelekomcloud_images_image_v2": {
          "version": 0,
          "block": {
            "attributes": {
              "checksum": {
                "type": "string",
                "description_kind": "plain",
                "computed": true
              },
              "container_format": {
                "type": "string",
                "description_kind": "plain",
                "required": true
              },
              "created_at": {
                "type": "string",
                "description_kind": "plain",
                "computed": true
              },
              "disk_format": {
                "type": "string",
                "description_kind": "plain",
                "required": true
              },
              "file": {
                "type": "string",
                "description_kind": "plain",
                "computed": true
              },
              "id": {
                "type": "string",
                "description_kind": "plain",
                "optional": true,
                "computed": true
              },
              "image_cache_path": {
                "type": "string",
                "description_kind": "plain",
                "optional": true
              },
              "image_source_url": {
                "type": "string",
                "description_kind": "plain",
                "optional": true
              },
              "local_file_path": {
                "type": "string",
                "description_kind": "plain",
                "optional": true
              },
              "metadata": {
                "type": [
                  "map",
                  "string"
                ],
                "description_kind": "plain",
                "computed": true
              },
              "min_disk_gb": {
                "type": "number",
                "description_kind": "plain",
                "optional": true
              },
              "min_ram_mb": {
                "type": "number",
                "description_kind": "plain",
                "optional": true
              },
              "name": {
                "type": "string",
                "description_kind": "plain",
                "required": true
              },
              "owner": {
                "type": "string",
                "description_kind": "plain",
                "computed": true
              },
              "protected": {
                "type": "bool",
                "description_kind": "plain",
                "optional": true
              },
              "region": {
                "type": "string",
                "description_kind": "plain",
                "optional": true,
                "computed": true
              },
              "schema": {
                "type": "string",
                "description_kind": "plain",
                "computed": true
              },
              "size_bytes": {
                "type": "number",
                "description_kind": "plain",
                "computed": true
              },
              "status": {
                "type": "string",
                "description_kind": "plain",
                "computed": true
              },
              "tags": {
                "type": [
                  "set",
                  "string"
                ],
                "description_kind": "plain",
                "optional": true
              },
              "update_at": {
                "type": "string",
                "description_kind": "plain",
                "computed": true
              },
              "visibility": {
                "type": "string",
                "description_kind": "plain",
                "optional": true
              }
            },
            "block_types": {
              "timeouts": {
                "nesting_mode": "single",
                "block": {
                  "attributes": {
                    "create": {
                      "type": "string",
                      "description_kind": "plain",
                      "optional": true
                    }
                  },
                  "description_kind": "plain"
                }
              }
            },
            "description_kind": "plain"
          }
        },
        "opentelekomcloud_ims_data_image_v2": {
          "version": 0,
          "block": {
            "attributes": {
              "cmk_id": {
                "type": "string",
                "description_kind": "plain",
                "optional": true
              },
              "data_origin": {
                "type": "string",
                "description_kind": "plain",
                "computed": true
              },
              "description": {
                "type": "string",
                "description_kind": "plain",
                "optional": true
              },
              "disk_format": {
                "type": "string",
                "description_kind": "plain",
                "computed": true
              },
              "id": {
                "type": "string",
                "description_kind": "plain",
                "optional": true,
                "computed": true
              },
              "image_size": {
                "type": "string",
                "description_kind": "plain",
                "computed": true
              },
              "image_url": {
                "type": "string",
                "description_kind": "plain",
                "optional": true
              },
              "min_disk": {
                "type": "number",
                "description_kind": "plain",
                "optional": true
              },
              "name": {
                "type": "string",
                "description_kind": "plain",
                "required": true
              },
              "os_type": {
                "type": "string",
                "description_kind": "plain",
                "optional": true
              },
              "tags": {
                "type": [
                  "map",
                  "string"
                ],
                "description_kind": "plain",
                "optional": true
              },
              "visibility": {
                "type": "string",
                "description_kind": "plain",
                "computed": true
              },
              "volume_id": {
                "type": "string",
                "description_kind": "plain",
                "optional": true
              }
            },
            "block_types": {
              "timeouts": {
                "nesting_mode": "single",
                "block": {
                  "attributes": {
                    "create": {
                      "type": "string",
                      "description_kind": "plain",
                      "optional": true
                    },
                    "delete": {
                      "type": "string",
                      "description_kind": "plain",
                      "optional": true
                    }
                  },
                  "description_kind": "plain"
                }
              }
            },
            "description_kind": "plain"
          }
        },
        "opentelekomcloud_ims_image_v2": {
          "version": 0,
          "block": {
            "attributes": {
              "cmk_id": {
                "type": "string",
                "description_kind": "plain",
                "optional": true
              },
              "data_origin": {
                "type": "string",
                "description_kind": "plain",
                "computed": true
              },
              "description": {
                "type": "string",
                "description_kind": "plain",
                "optional": true
              },
              "disk_format": {
                "type": "string",
                "description_kind": "plain",
                "computed": true
              },
              "file": {
                "type": "string",
                "description_kind": "plain",
                "computed": true
              },
              "id": {
                "type": "string",
                "description_kind": "plain",
                "optional": true,
                "computed": true
              },
              "image_size": {
                "type": "string",
                "description_kind": "plain",
                "computed": true
              },
              "image_url": {
                "type": "string",
                "description_kind": "plain",
                "optional": true
              },
              "instance_id": {
                "type": "string",
                "description_kind": "plain",
                "optional": true
              },
              "is_config": {
                "type": "bool",
                "description_kind": "plain",
                "optional": true
              },
              "max_ram": {
                "type": "number",
                "description_kind": "plain",
                "optional": true
              },
              "min_disk": {
                "type": "number",
                "description_kind": "plain",
                "optional": true
              },
              "min_ram": {
                "type": "number",
                "description_kind": "plain",
                "optional": true
              },
              "name": {
                "type": "string",
                "description_kind": "plain",
                "required": true
              },
              "os_version": {
                "type": "string",
                "description_kind": "plain",
                "optional": true
              },
              "tags": {
                "type": [
                  "map",
                  "string"
                ],
                "description_kind": "plain",
                "optional": true
              },
              "type": {
                "type": "string",
                "description_kind": "plain",
                "optional": true
              },
              "visibility": {
                "type": "string",
                "description_kind": "plain",
                "computed": true
              },
              "volume_id": {
                "type": "string",
                "description_kind": "plain",
                "optional": true
              }
            },
            "block_types": {
              "timeouts": {
                "nesting_mode": "single",
                "block": {
                  "attributes": {
                    "create": {
                      "type": "string",
                      "description_kind": "plain",
                      "optional": true
                    },
                    "delete": {
                      "type": "string",
                      "description_kind": "plain",
                      "optional": true
                    }
                  },
                  "description_kind": "plain"
                }
              }
            },
            "description_kind": "plain"
          }
        },
        "opentelekomcloud_kms_grant_v1": {
          "version": 0,
          "block": {
            "attributes": {
              "creation_date": {
                "type": "string",
                "description_kind": "plain",
                "computed": true
              },
              "grantee_principal": {
                "type": "string",
                "description_kind": "plain",
                "required": true
              },
              "id": {
                "type": "string",
                "description_kind": "plain",
                "optional": true,
                "computed": true
              },
              "issuing_principal": {
                "type": "string",
                "description_kind": "plain",
                "computed": true
              },
              "key_id": {
                "type": "string",
                "description_kind": "plain",
                "required": true
              },
              "name": {
                "type": "string",
                "description_kind": "plain",
                "optional": true
              },
              "operations": {
                "type": [
                  "set",
                  "string"
                ],
                "description_kind": "plain",
                "optional": true
              },
              "retiring_principal": {
                "type": "string",
                "description_kind": "plain",
                "optional": true
              }
            },
            "description_kind": "plain"
          }
        },
        "opentelekomcloud_kms_key_v1": {
          "version": 0,
          "block": {
            "attributes": {
              "allow_cancel_deletion": {
                "type": "bool",
                "description_kind": "plain",
                "optional": true
              },
              "creation_date": {
                "type": "string",
                "description_kind": "plain",
                "computed": true
              },
              "default_key_flag": {
                "type": "string",
                "description_kind": "plain",
                "computed": true
              },
              "domain_id": {
                "type": "string",
                "description_kind": "plain",
                "computed": true
              },
              "expiration_time": {
                "type": "string",
                "description_kind": "plain",
                "computed": true
              },
              "id": {
                "type": "string",
                "description_kind": "plain",
                "optional": true,
                "computed": true
              },
              "is_enabled": {
                "type": "bool",
                "description_kind": "plain",
                "optional": true
              },
              "key_alias": {
                "type": "string",
                "description_kind": "plain",
                "required": true
              },
              "key_description": {
                "type": "string",
                "description_kind": "plain",
                "optional": true
              },
              "origin": {
                "type": "string",
                "description_kind": "plain",
                "computed": true
              },
              "pending_days": {
                "type": "string",
                "description_kind": "plain",
                "optional": true
              },
              "realm": {
                "type": "string",
                "description_kind": "plain",
                "optional": true,
                "computed": true
              },
              "rotation_enabled": {
                "type": "bool",
                "description_kind": "plain",
                "optional": true
              },
              "rotation_interval": {
                "type": "number",
                "description_kind": "plain",
                "optional": true,
                "computed": true
              },
              "rotation_number": {
                "type": "number",
                "description_kind": "plain",
                "computed": true
              },
              "scheduled_deletion_date": {
                "type": "string",
                "description_kind": "plain",
                "computed": true
              },
              "tags": {
                "type": [
                  "map",
                  "string"
                ],
                "description_kind": "plain",
                "optional": true
              }
            },
            "description_kind": "plain"
          }
        },
        "opentelekomcloud_lb_certificate_v2": {
          "version": 0,
          "block": {
            "attributes": {
              "certificate": {
                "type": "string",
                "description_kind": "plain",
                "required": true
              },
              "create_time": {
                "type": "string",
                "description_kind": "plain",
                "computed": true
              },
              "description": {
                "type": "string",
                "description_kind": "plain",
                "optional": true
              },
              "domain": {
                "type": "string",
                "description_kind": "plain",
                "optional": true,
                "computed": true
              },
              "expire_time": {
                "type": "string",
                "description_kind": "plain",
                "computed": true
              },
              "id": {
                "type": "string",
                "description_kind": "plain",
                "optional": true,
                "computed": true
              },
              "name": {
                "type": "string",
                "description_kind": "plain",
                "optional": true
              },
              "private_key": {
                "type": "string",
                "description_kind": "plain",
                "optional": true
              },
              "region": {
                "type": "string",
                "description_kind": "plain",
                "optional": true,
                "computed": true
              },
              "type": {
                "type": "string",
                "description_kind": "plain",
                "optional": true,
                "computed": true
              },
              "update_time": {
                "type": "string",
                "description_kind": "plain",
                "computed": true
              }
            },
            "block_types": {
              "timeouts": {
                "nesting_mode": "single",
                "block": {
                  "attributes": {
                    "create": {
                      "type": "string",
                      "description_kind": "plain",
                      "optional": true
                    },
                    "delete": {
                      "type": "string",
                      "description_kind": "plain",
                      "optional": true
                    },
                    "update": {
                      "type": "string",
                      "description_kind": "plain",
                      "optional": true
                    }
                  },
                  "description_kind": "plain"
                }
              }
            },
            "description_kind": "plain"
          }
        },
        "opentelekomcloud_lb_certificate_v3": {
          "version": 0,
          "block": {
            "attributes": {
              "certificate": {
                "type": "string",
                "description_kind": "plain",
                "required": true
              },
              "created_at": {
                "type": "string",
                "description_kind": "plain",
                "computed": true
              },
              "description": {
                "type": "string",
                "description_kind": "plain",
                "optional": true
              },
              "domain": {
                "type": "string",
                "description_kind": "plain",
                "optional": true,
                "computed": true
              },
              "expire_time": {
                "type": "string",
                "description_kind": "plain",
                "computed": true
              },
              "id": {
                "type": "string",
                "description_kind": "plain",
                "optional": true,
                "computed": true
              },
              "name": {
                "type": "string",
                "description_kind": "plain",
                "optional": true
              },
              "private_key": {
                "type": "string",
                "description_kind": "plain",
                "optional": true
              },
              "region": {
                "type": "string",
                "description_kind": "plain",
                "optional": true,
                "computed": true
              },
              "type": {
                "type": "string",
                "description_kind": "plain",
                "optional": true,
                "computed": true
              },
              "updated_at": {
                "type": "string",
                "description_kind": "plain",
                "computed": true
              }
            },
            "description_kind": "plain"
          }
        },
        "opentelekomcloud_lb_l7policy_v2": {
          "version": 0,
          "block": {
            "attributes": {
              "action": {
                "type": "string",
                "description_kind": "plain",
                "required": true
              },
              "admin_state_up": {
                "type": "bool",
                "description_kind": "plain",
                "optional": true
              },
              "description": {
                "type": "string",
                "description_kind": "plain",
                "optional": true
              },
              "id": {
                "type": "string",
                "description_kind": "plain",
                "optional": true,
                "computed": true
              },
              "listener_id": {
                "type": "string",
                "description_kind": "plain",
                "required": true
              },
              "name": {
                "type": "string",
                "description_kind": "plain",
                "optional": true
              },
              "position": {
                "type": "number",
                "description_kind": "plain",
                "optional": true,
                "computed": true
              },
              "redirect_listener_id": {
                "type": "string",
                "description_kind": "plain",
                "optional": true
              },
              "redirect_pool_id": {
                "type": "string",
                "description_kind": "plain",
                "optional": true
              },
              "region": {
                "type": "string",
                "description_kind": "plain",
                "optional": true,
                "computed": true
              },
              "tenant_id": {
                "type": "string",
                "description_kind": "plain",
                "optional": true,
                "computed": true
              }
            },
            "block_types": {
              "timeouts": {
                "nesting_mode": "single",
                "block": {
                  "attributes": {
                    "create": {
                      "type": "string",
                      "description_kind": "plain",
                      "optional": true
                    },
                    "delete": {
                      "type": "string",
                      "description_kind": "plain",
                      "optional": true
                    },
                    "update": {
                      "type": "string",
                      "description_kind": "plain",
                      "optional": true
                    }
                  },
                  "description_kind": "plain"
                }
              }
            },
            "description_kind": "plain"
          }
        },
        "opentelekomcloud_lb_l7rule_v2": {
          "version": 0,
          "block": {
            "attributes": {
              "admin_state_up": {
                "type": "bool",
                "description_kind": "plain",
                "optional": true
              },
              "compare_type": {
                "type": "string",
                "description_kind": "plain",
                "required": true
              },
              "id": {
                "type": "string",
                "description_kind": "plain",
                "optional": true,
                "computed": true
              },
              "key": {
                "type": "string",
                "description_kind": "plain",
                "optional": true
              },
              "l7policy_id": {
                "type": "string",
                "description_kind": "plain",
                "required": true
              },
              "listener_id": {
                "type": "string",
                "description_kind": "plain",
                "computed": true
              },
              "region": {
                "type": "string",
                "description_kind": "plain",
                "optional": true,
                "computed": true
              },
              "tenant_id": {
                "type": "string",
                "description_kind": "plain",
                "optional": true,
                "computed": true
              },
              "type": {
                "type": "string",
                "description_kind": "plain",
                "required": true
              },
              "value": {
                "type": "string",
                "description_kind": "plain",
                "required": true
              }
            },
            "block_types": {
              "timeouts": {
                "nesting_mode": "single",
                "block": {
                  "attributes": {
                    "create": {
                      "type": "string",
                      "description_kind": "plain",
                      "optional": true
                    },
                    "delete": {
                      "type": "string",
                      "description_kind": "plain",
                      "optional": true
                    },
                    "update": {
                      "type": "string",
                      "description_kind": "plain",
                      "optional": true
                    }
                  },
                  "description_kind": "plain"
                }
              }
            },
            "description_kind": "plain"
          }
        },
        "opentelekomcloud_lb_listener_v2": {
          "version": 0,
          "block": {
            "attributes": {
              "admin_state_up": {
                "type": "bool",
                "description_kind": "plain",
                "optional": true
              },
              "client_ca_tls_container_ref": {
                "type": "string",
                "description_kind": "plain",
                "optional": true,
                "computed": true
              },
              "default_pool_id": {
                "type": "string",
                "description_kind": "plain",
                "optional": true,
                "computed": true
              },
              "default_tls_container_ref": {
                "type": "string",
                "description_kind": "plain",
                "optional": true,
                "computed": true
              },
              "description": {
                "type": "string",
                "description_kind": "plain",
                "optional": true
              },
              "http2_enable": {
                "type": "bool",
                "description_kind": "plain",
                "optional": true
              },
              "id": {
                "type": "string",
                "description_kind": "plain",
                "optional": true,
                "computed": true
              },
              "loadbalancer_id": {
                "type": "string",
                "description_kind": "plain",
                "required": true
              },
              "name": {
                "type": "string",
                "description_kind": "plain",
                "optional": true,
                "computed": true
              },
              "protocol": {
                "type": "string",
                "description_kind": "plain",
                "required": true
              },
              "protocol_port": {
                "type": "number",
                "description_kind": "plain",
                "required": true
              },
              "region": {
                "type": "string",
                "description_kind": "plain",
                "optional": true,
                "computed": true
              },
              "sni_container_refs": {
                "type": [
                  "set",
                  "string"
                ],
                "description_kind": "plain",
                "optional": true
              },
              "tags": {
                "type": [
                  "map",
                  "string"
                ],
                "description_kind": "plain",
                "optional": true
              },
              "tenant_id": {
                "type": "string",
                "description_kind": "plain",
                "optional": true,
                "computed": true
              },
              "tls_ciphers_policy": {
                "type": "string",
                "description_kind": "plain",
                "optional": true
              },
              "transparent_client_ip_enable": {
                "type": "bool",
                "description_kind": "plain",
                "optional": true,
                "computed": true
              }
            },
            "block_types": {
              "timeouts": {
                "nesting_mode": "single",
                "block": {
                  "attributes": {
                    "create": {
                      "type": "string",
                      "description_kind": "plain",
                      "optional": true
                    },
                    "delete": {
                      "type": "string",
                      "description_kind": "plain",
                      "optional": true
                    },
                    "update": {
                      "type": "string",
                      "description_kind": "plain",
                      "optional": true
                    }
                  },
                  "description_kind": "plain"
                }
              }
            },
            "description_kind": "plain"
          }
        },
        "opentelekomcloud_lb_listener_v3": {
          "version": 0,
          "block": {
            "attributes": {
              "admin_state_up": {
                "type": "bool",
                "description_kind": "plain",
                "optional": true
              },
              "client_ca_tls_container_ref": {
                "type": "string",
                "description_kind": "plain",
                "optional": true
              },
              "client_timeout": {
                "type": "number",
                "description_kind": "plain",
                "optional": true,
                "computed": true
              },
              "created_at": {
                "type": "string",
                "description_kind": "plain",
                "computed": true
              },
              "default_pool_id": {
                "type": "string",
                "description_kind": "plain",
                "optional": true,
                "computed": true
              },
              "default_tls_container_ref": {
                "type": "string",
                "description_kind": "plain",
                "optional": true
              },
              "description": {
                "type": "string",
                "description_kind": "plain",
                "optional": true
              },
              "http2_enable": {
                "type": "bool",
                "description_kind": "plain",
                "optional": true
              },
              "id": {
                "type": "string",
                "description_kind": "plain",
                "optional": true,
                "computed": true
              },
              "keep_alive_timeout": {
                "type": "number",
                "description_kind": "plain",
                "optional": true,
                "computed": true
              },
              "loadbalancer_id": {
                "type": "string",
                "description_kind": "plain",
                "required": true
              },
              "member_retry_enable": {
                "type": "bool",
                "description_kind": "plain",
                "optional": true
              },
              "member_timeout": {
                "type": "number",
                "description_kind": "plain",
                "optional": true,
                "computed": true
              },
              "name": {
                "type": "string",
                "description_kind": "plain",
                "optional": true
              },
              "protocol": {
                "type": "string",
                "description_kind": "plain",
                "required": true
              },
              "protocol_port": {
                "type": "number",
                "description_kind": "plain",
                "required": true
              },
              "sni_container_refs": {
                "type": [
                  "set",
                  "string"
                ],
                "description_kind": "plain",
                "optional": true
              },
              "tags": {
                "type": [
                  "map",
                  "string"
                ],
                "description_kind": "plain",
                "optional": true
              },
              "tls_ciphers_policy": {
                "type": "string",
                "description_kind": "plain",
                "optional": true,
                "computed": true
              },
              "updated_at": {
                "type": "string",
                "description_kind": "plain",
                "computed": true
              }
            },
            "block_types": {
              "insert_headers": {
                "nesting_mode": "list",
                "block": {
                  "attributes": {
                    "forward_elb_ip": {
                      "type": "bool",
                      "description_kind": "plain",
                      "optional": true,
                      "computed": true
                    },
                    "forwarded_for_port": {
                      "type": "bool",
                      "description_kind": "plain",
                      "optional": true,
                      "computed": true
                    },
                    "forwarded_host": {
                      "type": "bool",
                      "description_kind": "plain",
                      "optional": true,
                      "computed": true
                    },
                    "forwarded_port": {
                      "type": "bool",
                      "description_kind": "plain",
                      "optional": true,
                      "computed": true
                    }
                  },
                  "description_kind": "plain"
                },
                "max_items": 1
              }
            },
            "description_kind": "plain"
          }
        },
        "opentelekomcloud_lb_loadbalancer_v2": {
          "version": 0,
          "block": {
            "attributes": {
              "admin_state_up": {
                "type": "bool",
                "description_kind": "plain",
                "optional": true
              },
              "description": {
                "type": "string",
                "description_kind": "plain",
                "optional": true
              },
              "id": {
                "type": "string",
                "description_kind": "plain",
                "optional": true,
                "computed": true
              },
              "loadbalancer_provider": {
                "type": "string",
                "description_kind": "plain",
                "optional": true,
                "computed": true
              },
              "name": {
                "type": "string",
                "description_kind": "plain",
                "optional": true
              },
              "region": {
                "type": "string",
                "description_kind": "plain",
                "optional": true,
                "computed": true
              },
              "tags": {
                "type": [
                  "map",
                  "string"
                ],
                "description_kind": "plain",
                "optional": true
              },
              "tenant_id": {
                "type": "string",
                "description_kind": "plain",
                "optional": true,
                "computed": true
              },
              "vip_address": {
                "type": "string",
                "description_kind": "plain",
                "optional": true,
                "computed": true
              },
              "vip_port_id": {
                "type": "string",
                "description_kind": "plain",
                "computed": true
              },
              "vip_subnet_id": {
                "type": "string",
                "description_kind": "plain",
                "required": true
              }
            },
            "block_types": {
              "timeouts": {
                "nesting_mode": "single",
                "block": {
                  "attributes": {
                    "create": {
                      "type": "string",
                      "description_kind": "plain",
                      "optional": true
                    },
                    "delete": {
                      "type": "string",
                      "description_kind": "plain",
                      "optional": true
                    },
                    "update": {
                      "type": "string",
                      "description_kind": "plain",
                      "optional": true
                    }
                  },
                  "description_kind": "plain"
                }
              }
            },
            "description_kind": "plain"
          }
        },
        "opentelekomcloud_lb_loadbalancer_v3": {
          "version": 0,
          "block": {
            "attributes": {
              "admin_state_up": {
                "type": "bool",
                "description_kind": "plain",
                "optional": true
              },
              "availability_zones": {
                "type": [
                  "set",
                  "string"
                ],
                "description_kind": "plain",
                "required": true
              },
              "created_at": {
                "type": "string",
                "description_kind": "plain",
                "computed": true
              },
              "description": {
                "type": "string",
                "description_kind": "plain",
                "optional": true
              },
              "id": {
                "type": "string",
                "description_kind": "plain",
                "optional": true,
                "computed": true
              },
              "ip_target_enable": {
                "type": "bool",
                "description_kind": "plain",
                "optional": true,
                "computed": true
              },
              "l4_flavor": {
                "type": "string",
                "description_kind": "plain",
                "optional": true,
                "computed": true
              },
              "l7_flavor": {
                "type": "string",
                "description_kind": "plain",
                "optional": true,
                "computed": true
              },
              "name": {
                "type": "string",
                "description_kind": "plain",
                "optional": true
              },
              "network_ids": {
                "type": [
                  "set",
                  "string"
                ],
                "description_kind": "plain",
                "required": true
              },
              "router_id": {
                "type": "string",
                "description_kind": "plain",
                "optional": true
              },
              "subnet_id": {
                "type": "string",
                "description_kind": "plain",
                "optional": true
              },
              "tags": {
                "type": [
                  "map",
                  "string"
                ],
                "description_kind": "plain",
                "optional": true
              },
              "updated_at": {
                "type": "string",
                "description_kind": "plain",
                "computed": true
              },
              "vip_address": {
                "type": "string",
                "description_kind": "plain",
                "optional": true,
                "computed": true
              },
              "vip_port_id": {
                "type": "string",
                "description_kind": "plain",
                "computed": true
              }
            },
            "block_types": {
              "public_ip": {
                "nesting_mode": "list",
                "block": {
                  "attributes": {
                    "_managed": {
                      "type": "bool",
                      "description_kind": "plain",
                      "computed": true
                    },
                    "address": {
                      "type": "string",
                      "description_kind": "plain",
                      "computed": true
                    },
                    "bandwidth_charge_mode": {
                      "type": "string",
                      "description_kind": "plain",
                      "optional": true
                    },
                    "bandwidth_name": {
                      "type": "string",
                      "description_kind": "plain",
                      "optional": true,
                      "computed": true
                    },
                    "bandwidth_share_type": {
                      "type": "string",
                      "description_kind": "plain",
                      "optional": true,
                      "computed": true
                    },
                    "bandwidth_size": {
                      "type": "number",
                      "description_kind": "plain",
                      "optional": true,
                      "computed": true
                    },
                    "id": {
                      "type": "string",
                      "description_kind": "plain",
                      "optional": true,
                      "computed": true
                    },
                    "ip_type": {
                      "type": "string",
                      "description_kind": "plain",
                      "optional": true,
                      "computed": true
                    }
                  },
                  "description_kind": "plain"
                },
                "max_items": 1
              }
            },
            "description_kind": "plain"
          }
        },
        "opentelekomcloud_lb_member_v2": {
          "version": 0,
          "block": {
            "attributes": {
              "address": {
                "type": "string",
                "description_kind": "plain",
                "required": true
              },
              "admin_state_up": {
                "type": "bool",
                "description_kind": "plain",
                "optional": true
              },
              "id": {
                "type": "string",
                "description_kind": "plain",
                "optional": true,
                "computed": true
              },
              "name": {
                "type": "string",
                "description_kind": "plain",
                "optional": true
              },
              "pool_id": {
                "type": "string",
                "description_kind": "plain",
                "required": true
              },
              "protocol_port": {
                "type": "number",
                "description_kind": "plain",
                "required": true
              },
              "region": {
                "type": "string",
                "description_kind": "plain",
                "optional": true,
                "computed": true
              },
              "subnet_id": {
                "type": "string",
                "description_kind": "plain",
                "required": true
              },
              "tenant_id": {
                "type": "string",
                "description_kind": "plain",
                "optional": true,
                "computed": true
              },
              "weight": {
                "type": "number",
                "description_kind": "plain",
                "optional": true
              }
            },
            "block_types": {
              "timeouts": {
                "nesting_mode": "single",
                "block": {
                  "attributes": {
                    "create": {
                      "type": "string",
                      "description_kind": "plain",
                      "optional": true
                    },
                    "delete": {
                      "type": "string",
                      "description_kind": "plain",
                      "optional": true
                    },
                    "update": {
                      "type": "string",
                      "description_kind": "plain",
                      "optional": true
                    }
                  },
                  "description_kind": "plain"
                }
              }
            },
            "description_kind": "plain"
          }
        },
        "opentelekomcloud_lb_member_v3": {
          "version": 0,
          "block": {
            "attributes": {
              "address": {
                "type": "string",
                "description_kind": "plain",
                "required": true
              },
              "id": {
                "type": "string",
                "description_kind": "plain",
                "optional": true,
                "computed": true
              },
              "ip_version": {
                "type": "string",
                "description_kind": "plain",
                "computed": true
              },
              "member_id": {
                "type": "string",
                "description_kind": "plain",
                "computed": true
              },
              "name": {
                "type": "string",
                "description_kind": "plain",
                "optional": true
              },
              "operating_status": {
                "type": "string",
                "description_kind": "plain",
                "computed": true
              },
              "pool_id": {
                "type": "string",
                "description_kind": "plain",
                "required": true
              },
              "project_id": {
                "type": "string",
                "description_kind": "plain",
                "optional": true,
                "computed": true
              },
              "protocol_port": {
                "type": "number",
                "description_kind": "plain",
                "required": true
              },
              "subnet_id": {
                "type": "string",
                "description_kind": "plain",
                "optional": true
              },
              "weight": {
                "type": "number",
                "description_kind": "plain",
                "optional": true,
                "computed": true
              }
            },
            "description_kind": "plain"
          }
        },
        "opentelekomcloud_lb_monitor_v2": {
          "version": 0,
          "block": {
            "attributes": {
              "admin_state_up": {
                "type": "bool",
                "description_kind": "plain",
                "optional": true
              },
              "delay": {
                "type": "number",
                "description_kind": "plain",
                "required": true
              },
              "domain_name": {
                "type": "string",
                "description_kind": "plain",
                "optional": true
              },
              "expected_codes": {
                "type": "string",
                "description_kind": "plain",
                "optional": true,
                "computed": true
              },
              "http_method": {
                "type": "string",
                "description_kind": "plain",
                "optional": true,
                "computed": true
              },
              "id": {
                "type": "string",
                "description_kind": "plain",
                "optional": true,
                "computed": true
              },
              "max_retries": {
                "type": "number",
                "description_kind": "plain",
                "required": true
              },
              "monitor_port": {
                "type": "number",
                "description_kind": "plain",
                "optional": true,
                "computed": true
              },
              "name": {
                "type": "string",
                "description_kind": "plain",
                "optional": true
              },
              "pool_id": {
                "type": "string",
                "description_kind": "plain",
                "required": true
              },
              "region": {
                "type": "string",
                "description_kind": "plain",
                "optional": true,
                "computed": true
              },
              "tenant_id": {
                "type": "string",
                "description_kind": "plain",
                "optional": true,
                "computed": true
              },
              "timeout": {
                "type": "number",
                "description_kind": "plain",
                "required": true
              },
              "type": {
                "type": "string",
                "description_kind": "plain",
                "required": true
              },
              "url_path": {
                "type": "string",
                "description_kind": "plain",
                "optional": true,
                "computed": true
              }
            },
            "block_types": {
              "timeouts": {
                "nesting_mode": "single",
                "block": {
                  "attributes": {
                    "create": {
                      "type": "string",
                      "description_kind": "plain",
                      "optional": true
                    },
                    "delete": {
                      "type": "string",
                      "description_kind": "plain",
                      "optional": true
                    },
                    "update": {
                      "type": "string",
                      "description_kind": "plain",
                      "optional": true
                    }
                  },
                  "description_kind": "plain"
                }
              }
            },
            "description_kind": "plain"
          }
        },
        "opentelekomcloud_lb_monitor_v3": {
          "version": 0,
          "block": {
            "attributes": {
              "admin_state_up": {
                "type": "bool",
                "description_kind": "plain",
                "optional": true
              },
              "delay": {
                "type": "number",
                "description_kind": "plain",
                "required": true
              },
              "domain_name": {
                "type": "string",
                "description_kind": "plain",
                "optional": true,
                "computed": true
              },
              "expected_codes": {
                "type": "string",
                "description_kind": "plain",
                "optional": true,
                "computed": true
              },
              "http_method": {
                "type": "string",
                "description_kind": "plain",
                "optional": true,
                "computed": true
              },
              "id": {
                "type": "string",
                "description_kind": "plain",
                "optional": true,
                "computed": true
              },
              "max_retries": {
                "type": "number",
                "description_kind": "plain",
                "required": true
              },
              "max_retries_down": {
                "type": "number",
                "description_kind": "plain",
                "optional": true,
                "computed": true
              },
              "monitor_port": {
                "type": "number",
                "description_kind": "plain",
                "optional": true,
                "computed": true
              },
              "name": {
                "type": "string",
                "description_kind": "plain",
                "optional": true
              },
              "pool_id": {
                "type": "string",
                "description_kind": "plain",
                "required": true
              },
              "project_id": {
                "type": "string",
                "description_kind": "plain",
                "optional": true,
                "computed": true
              },
              "timeout": {
                "type": "number",
                "description_kind": "plain",
                "required": true
              },
              "type": {
                "type": "string",
                "description_kind": "plain",
                "required": true
              },
              "url_path": {
                "type": "string",
                "description_kind": "plain",
                "optional": true,
                "computed": true
              }
            },
            "description_kind": "plain"
          }
        },
        "opentelekomcloud_lb_policy_v3": {
          "version": 0,
          "block": {
            "attributes": {
              "action": {
                "type": "string",
                "description_kind": "plain",
                "required": true
              },
              "description": {
                "type": "string",
                "description_kind": "plain",
                "optional": true,
                "computed": true
              },
              "id": {
                "type": "string",
                "description_kind": "plain",
                "optional": true,
                "computed": true
              },
              "listener_id": {
                "type": "string",
                "description_kind": "plain",
                "required": true
              },
              "name": {
                "type": "string",
                "description_kind": "plain",
                "optional": true,
                "computed": true
              },
              "position": {
                "type": "number",
                "description_kind": "plain",
                "optional": true
              },
              "project_id": {
                "type": "string",
                "description_kind": "plain",
                "optional": true,
                "computed": true
              },
              "redirect_listener_id": {
                "type": "string",
                "description_kind": "plain",
                "optional": true
              },
              "redirect_pool_id": {
                "type": "string",
                "description_kind": "plain",
                "optional": true
              },
              "status": {
                "type": "string",
                "description_kind": "plain",
                "computed": true
              }
            },
            "block_types": {
              "rules": {
                "nesting_mode": "set",
                "block": {
                  "attributes": {
                    "compare_type": {
                      "type": "string",
                      "description_kind": "plain",
                      "required": true
                    },
                    "type": {
                      "type": "string",
                      "description_kind": "plain",
                      "required": true
                    },
                    "value": {
                      "type": "string",
                      "description_kind": "plain",
                      "required": true
                    }
                  },
                  "description_kind": "plain"
                },
                "max_items": 10
              }
            },
            "description_kind": "plain"
          }
        },
        "opentelekomcloud_lb_pool_v2": {
          "version": 0,
          "block": {
            "attributes": {
              "admin_state_up": {
                "type": "bool",
                "description_kind": "plain",
                "optional": true
              },
              "description": {
                "type": "string",
                "description_kind": "plain",
                "optional": true
              },
              "id": {
                "type": "string",
                "description_kind": "plain",
                "optional": true,
                "computed": true
              },
              "lb_method": {
                "type": "string",
                "description_kind": "plain",
                "required": true
              },
              "listener_id": {
                "type": "string",
                "description_kind": "plain",
                "optional": true
              },
              "loadbalancer_id": {
                "type": "string",
                "description_kind": "plain",
                "optional": true
              },
              "name": {
                "type": "string",
                "description_kind": "plain",
                "optional": true
              },
              "protocol": {
                "type": "string",
                "description_kind": "plain",
                "required": true
              },
              "region": {
                "type": "string",
                "description_kind": "plain",
                "optional": true,
                "computed": true
              },
              "tenant_id": {
                "type": "string",
                "description_kind": "plain",
                "optional": true,
                "computed": true
              }
            },
            "block_types": {
              "persistence": {
                "nesting_mode": "list",
                "block": {
                  "attributes": {
                    "cookie_name": {
                      "type": "string",
                      "description_kind": "plain",
                      "optional": true
                    },
                    "type": {
                      "type": "string",
                      "description_kind": "plain",
                      "optional": true
                    }
                  },
                  "description_kind": "plain"
                }
              },
              "timeouts": {
                "nesting_mode": "single",
                "block": {
                  "attributes": {
                    "create": {
                      "type": "string",
                      "description_kind": "plain",
                      "optional": true
                    },
                    "delete": {
                      "type": "string",
                      "description_kind": "plain",
                      "optional": true
                    },
                    "update": {
                      "type": "string",
                      "description_kind": "plain",
                      "optional": true
                    }
                  },
                  "description_kind": "plain"
                }
              }
            },
            "description_kind": "plain"
          }
        },
        "opentelekomcloud_lb_pool_v3": {
          "version": 0,
          "block": {
            "attributes": {
              "description": {
                "type": "string",
                "description_kind": "plain",
                "optional": true,
                "computed": true
              },
              "id": {
                "type": "string",
                "description_kind": "plain",
                "optional": true,
                "computed": true
              },
              "ip_version": {
                "type": "string",
                "description_kind": "plain",
                "computed": true
              },
              "lb_algorithm": {
                "type": "string",
                "description_kind": "plain",
                "required": true
              },
              "listener_id": {
                "type": "string",
                "description_kind": "plain",
                "optional": true,
                "computed": true
              },
              "loadbalancer_id": {
                "type": "string",
                "description_kind": "plain",
                "optional": true,
                "computed": true
              },
              "name": {
                "type": "string",
                "description_kind": "plain",
                "optional": true,
                "computed": true
              },
              "project_id": {
                "type": "string",
                "description_kind": "plain",
                "optional": true,
                "computed": true
              },
              "protocol": {
                "type": "string",
                "description_kind": "plain",
                "required": true
              }
            },
            "block_types": {
              "session_persistence": {
                "nesting_mode": "list",
                "block": {
                  "attributes": {
                    "cookie_name": {
                      "type": "string",
                      "description_kind": "plain",
                      "optional": true,
                      "computed": true
                    },
                    "persistence_timeout": {
                      "type": "number",
                      "description_kind": "plain",
                      "optional": true,
                      "computed": true
                    },
                    "type": {
                      "type": "string",
                      "description_kind": "plain",
                      "required": true
                    }
                  },
                  "description_kind": "plain"
                },
                "max_items": 1
              }
            },
            "description_kind": "plain"
          }
        },
        "opentelekomcloud_lb_rule_v3": {
          "version": 0,
          "block": {
            "attributes": {
              "compare_type": {
                "type": "string",
                "description_kind": "plain",
                "required": true
              },
              "id": {
                "type": "string",
                "description_kind": "plain",
                "optional": true,
                "computed": true
              },
              "policy_id": {
                "type": "string",
                "description_kind": "plain",
                "required": true
              },
              "project_id": {
                "type": "string",
                "description_kind": "plain",
                "optional": true,
                "computed": true
              },
              "rule_id": {
                "type": "string",
                "description_kind": "plain",
                "computed": true
              },
              "type": {
                "type": "string",
                "description_kind": "plain",
                "required": true
              },
              "value": {
                "type": "string",
                "description_kind": "plain",
                "required": true
              }
            },
            "description_kind": "plain"
          }
        },
        "opentelekomcloud_lb_whitelist_v2": {
          "version": 0,
          "block": {
            "attributes": {
              "enable_whitelist": {
                "type": "bool",
                "description_kind": "plain",
                "optional": true
              },
              "id": {
                "type": "string",
                "description_kind": "plain",
                "optional": true,
                "computed": true
              },
              "listener_id": {
                "type": "string",
                "description_kind": "plain",
                "required": true
              },
              "tenant_id": {
                "type": "string",
                "description_kind": "plain",
                "optional": true,
                "computed": true
              },
              "whitelist": {
                "type": "string",
                "description_kind": "plain",
                "optional": true
              }
            },
            "description_kind": "plain"
          }
        },
        "opentelekomcloud_logtank_group_v2": {
          "version": 0,
          "block": {
            "attributes": {
              "creation_time": {
                "type": "number",
                "description_kind": "plain",
                "computed": true
              },
              "group_name": {
                "type": "string",
                "description_kind": "plain",
                "required": true
              },
              "id": {
                "type": "string",
                "description_kind": "plain",
                "optional": true,
                "computed": true
              },
              "ttl_in_days": {
                "type": "number",
                "description_kind": "plain",
                "required": true
              }
            },
            "description_kind": "plain"
          }
        },
        "opentelekomcloud_logtank_topic_v2": {
          "version": 0,
          "block": {
            "attributes": {
              "creation_time": {
                "type": "number",
                "description_kind": "plain",
                "computed": true
              },
              "group_id": {
                "type": "string",
                "description_kind": "plain",
                "required": true
              },
              "id": {
                "type": "string",
                "description_kind": "plain",
                "optional": true,
                "computed": true
              },
              "topic_name": {
                "type": "string",
                "description_kind": "plain",
                "required": true
              }
            },
            "description_kind": "plain"
          }
        },
        "opentelekomcloud_mrs_cluster_v1": {
          "version": 0,
          "block": {
            "attributes": {
              "available_zone_id": {
                "type": "string",
                "description_kind": "plain",
                "required": true
              },
              "available_zone_name": {
                "type": "string",
                "description_kind": "plain",
                "computed": true
              },
              "billing_type": {
                "type": "number",
                "description_kind": "plain",
                "required": true
              },
              "charging_start_time": {
                "type": "string",
                "description_kind": "plain",
                "computed": true
              },
              "cluster_admin_secret": {
                "type": "string",
                "description_kind": "plain",
                "optional": true,
                "computed": true
              },
              "cluster_id": {
                "type": "string",
                "description_kind": "plain",
                "computed": true
              },
              "cluster_name": {
                "type": "string",
                "description_kind": "plain",
                "required": true
              },
              "cluster_state": {
                "type": "string",
                "description_kind": "plain",
                "computed": true
              },
              "cluster_type": {
                "type": "number",
                "description_kind": "plain",
                "optional": true,
                "computed": true
              },
              "cluster_version": {
                "type": "string",
                "description_kind": "plain",
                "required": true
              },
              "core_data_volume_count": {
                "type": "number",
                "description_kind": "plain",
                "optional": true,
                "computed": true
              },
              "core_data_volume_size": {
                "type": "number",
                "description_kind": "plain",
                "optional": true,
                "computed": true
              },
              "core_data_volume_type": {
                "type": "string",
                "description_kind": "plain",
                "optional": true,
                "computed": true
              },
              "core_node_num": {
                "type": "number",
                "description_kind": "plain",
                "required": true
              },
              "core_node_product_id": {
                "type": "string",
                "description_kind": "plain",
                "computed": true
              },
              "core_node_size": {
                "type": "string",
                "description_kind": "plain",
                "required": true
              },
              "core_node_spec_id": {
                "type": "string",
                "description_kind": "plain",
                "computed": true
              },
              "create_at": {
                "type": "string",
                "description_kind": "plain",
                "computed": true
              },
              "deployment_id": {
                "type": "string",
                "description_kind": "plain",
                "computed": true
              },
              "error_info": {
                "type": "string",
                "description_kind": "plain",
                "computed": true
              },
              "external_alternate_ip": {
                "type": "string",
                "description_kind": "plain",
                "computed": true
              },
              "external_ip": {
                "type": "string",
                "description_kind": "plain",
                "computed": true
              },
              "fee": {
                "type": "string",
                "description_kind": "plain",
                "computed": true
              },
              "hadoop_version": {
                "type": "string",
                "description_kind": "plain",
                "computed": true
              },
              "id": {
                "type": "string",
                "description_kind": "plain",
                "optional": true,
                "computed": true
              },
              "instance_id": {
                "type": "string",
                "description_kind": "plain",
                "computed": true
              },
              "internal_ip": {
                "type": "string",
                "description_kind": "plain",
                "computed": true
              },
              "log_collection": {
                "type": "number",
                "description_kind": "plain",
                "optional": true,
                "computed": true
              },
              "master_data_volume_count": {
                "type": "number",
                "description_kind": "plain",
                "optional": true,
                "computed": true
              },
              "master_data_volume_size": {
                "type": "number",
                "description_kind": "plain",
                "optional": true,
                "computed": true
              },
              "master_data_volume_type": {
                "type": "string",
                "description_kind": "plain",
                "optional": true,
                "computed": true
              },
              "master_node_ip": {
                "type": "string",
                "description_kind": "plain",
                "computed": true
              },
              "master_node_num": {
                "type": "number",
                "description_kind": "plain",
                "required": true
              },
              "master_node_product_id": {
                "type": "string",
                "description_kind": "plain",
                "computed": true
              },
              "master_node_size": {
                "type": "string",
                "description_kind": "plain",
                "required": true
              },
              "master_node_spec_id": {
                "type": "string",
                "description_kind": "plain",
                "computed": true
              },
              "node_public_cert_name": {
                "type": "string",
                "description_kind": "plain",
                "required": true
              },
              "order_id": {
                "type": "string",
                "description_kind": "plain",
                "computed": true
              },
              "private_ip_first": {
                "type": "string",
                "description_kind": "plain",
                "computed": true
              },
              "region": {
                "type": "string",
                "description_kind": "plain",
                "optional": true,
                "computed": true
              },
              "remark": {
                "type": "string",
                "description_kind": "plain",
                "computed": true
              },
              "safe_mode": {
                "type": "number",
                "description_kind": "plain",
                "required": true
              },
              "security_groups_id": {
                "type": "string",
                "description_kind": "plain",
                "computed": true
              },
              "slave_security_groups_id": {
                "type": "string",
                "description_kind": "plain",
                "computed": true
              },
              "subnet_id": {
                "type": "string",
                "description_kind": "plain",
                "required": true
              },
              "tags": {
                "type": [
                  "map",
                  "string"
                ],
                "description_kind": "plain",
                "optional": true
              },
              "tenant_id": {
                "type": "string",
                "description_kind": "plain",
                "computed": true
              },
              "update_at": {
                "type": "string",
                "description_kind": "plain",
                "computed": true
              },
              "vnc": {
                "type": "string",
                "description_kind": "plain",
                "computed": true
              },
              "volume_size": {
                "type": "number",
                "description_kind": "plain",
                "optional": true,
                "computed": true
              },
              "volume_type": {
                "type": "string",
                "description_kind": "plain",
                "optional": true,
                "computed": true
              },
              "vpc_id": {
                "type": "string",
                "description_kind": "plain",
                "required": true
              }
            },
            "block_types": {
              "add_jobs": {
                "nesting_mode": "list",
                "block": {
                  "attributes": {
                    "arguments": {
                      "type": "string",
                      "description_kind": "plain",
                      "optional": true,
                      "computed": true
                    },
                    "file_action": {
                      "type": "string",
                      "description_kind": "plain",
                      "optional": true,
                      "computed": true
                    },
                    "hive_script_path": {
                      "type": "string",
                      "description_kind": "plain",
                      "optional": true,
                      "computed": true
                    },
                    "hql": {
                      "type": "string",
                      "description_kind": "plain",
                      "optional": true,
                      "computed": true
                    },
                    "input": {
                      "type": "string",
                      "description_kind": "plain",
                      "optional": true,
                      "computed": true
                    },
                    "jar_path": {
                      "type": "string",
                      "description_kind": "plain",
                      "required": true
                    },
                    "job_log": {
                      "type": "string",
                      "description_kind": "plain",
                      "optional": true,
                      "computed": true
                    },
                    "job_name": {
                      "type": "string",
                      "description_kind": "plain",
                      "required": true
                    },
                    "job_type": {
                      "type": "number",
                      "description_kind": "plain",
                      "required": true
                    },
                    "output": {
                      "type": "string",
                      "description_kind": "plain",
                      "optional": true,
                      "computed": true
                    },
                    "shutdown_cluster": {
                      "type": "bool",
                      "description_kind": "plain",
                      "optional": true,
                      "computed": true
                    },
                    "submit_job_once_cluster_run": {
                      "type": "bool",
                      "description_kind": "plain",
                      "required": true
                    }
                  },
                  "description_kind": "plain"
                }
              },
              "bootstrap_scripts": {
                "nesting_mode": "list",
                "block": {
                  "attributes": {
                    "active_master": {
                      "type": "bool",
                      "description_kind": "plain",
                      "optional": true,
                      "computed": true
                    },
                    "before_component_start": {
                      "type": "bool",
                      "description_kind": "plain",
                      "optional": true,
                      "computed": true
                    },
                    "fail_action": {
                      "type": "string",
                      "description_kind": "plain",
                      "required": true
                    },
                    "name": {
                      "type": "string",
                      "description_kind": "plain",
                      "required": true
                    },
                    "nodes": {
                      "type": [
                        "list",
                        "string"
                      ],
                      "description_kind": "plain",
                      "required": true
                    },
                    "parameters": {
                      "type": "string",
                      "description_kind": "plain",
                      "optional": true,
                      "computed": true
                    },
                    "uri": {
                      "type": "string",
                      "description_kind": "plain",
                      "required": true
                    }
                  },
                  "description_kind": "plain"
                }
              },
              "component_list": {
                "nesting_mode": "set",
                "block": {
                  "attributes": {
                    "component_desc": {
                      "type": "string",
                      "description_kind": "plain",
                      "computed": true
                    },
                    "component_id": {
                      "type": "string",
                      "description_kind": "plain",
                      "computed": true
                    },
                    "component_name": {
                      "type": "string",
                      "description_kind": "plain",
                      "required": true
                    },
                    "component_version": {
                      "type": "string",
                      "description_kind": "plain",
                      "computed": true
                    }
                  },
                  "description_kind": "plain"
                },
                "min_items": 1
              },
              "timeouts": {
                "nesting_mode": "single",
                "block": {
                  "attributes": {
                    "create": {
                      "type": "string",
                      "description_kind": "plain",
                      "optional": true
                    },
                    "delete": {
                      "type": "string",
                      "description_kind": "plain",
                      "optional": true
                    }
                  },
                  "description_kind": "plain"
                }
              }
            },
            "description_kind": "plain"
          }
        },
        "opentelekomcloud_mrs_job_v1": {
          "version": 0,
          "block": {
            "attributes": {
              "arguments": {
                "type": "string",
                "description_kind": "plain",
                "optional": true,
                "computed": true
              },
              "cluster_id": {
                "type": "string",
                "description_kind": "plain",
                "required": true
              },
              "hive_script_path": {
                "type": "string",
                "description_kind": "plain",
                "optional": true,
                "computed": true
              },
              "id": {
                "type": "string",
                "description_kind": "plain",
                "optional": true,
                "computed": true
              },
              "input": {
                "type": "string",
                "description_kind": "plain",
                "optional": true,
                "computed": true
              },
              "is_protected": {
                "type": "bool",
                "description_kind": "plain",
                "optional": true,
                "computed": true
              },
              "is_public": {
                "type": "bool",
                "description_kind": "plain",
                "optional": true,
                "computed": true
              },
              "jar_path": {
                "type": "string",
                "description_kind": "plain",
                "required": true
              },
              "job_log": {
                "type": "string",
                "description_kind": "plain",
                "optional": true,
                "computed": true
              },
              "job_name": {
                "type": "string",
                "description_kind": "plain",
                "required": true
              },
              "job_state": {
                "type": "string",
                "description_kind": "plain",
                "computed": true
              },
              "job_type": {
                "type": "number",
                "description_kind": "plain",
                "required": true
              },
              "output": {
                "type": "string",
                "description_kind": "plain",
                "optional": true,
                "computed": true
              },
              "region": {
                "type": "string",
                "description_kind": "plain",
                "optional": true,
                "computed": true
              }
            },
            "block_types": {
              "timeouts": {
                "nesting_mode": "single",
                "block": {
                  "attributes": {
                    "create": {
                      "type": "string",
                      "description_kind": "plain",
                      "optional": true
                    },
                    "delete": {
                      "type": "string",
                      "description_kind": "plain",
                      "optional": true
                    },
                    "update": {
                      "type": "string",
                      "description_kind": "plain",
                      "optional": true
                    }
                  },
                  "description_kind": "plain"
                }
              }
            },
            "description_kind": "plain"
          }
        },
        "opentelekomcloud_nat_dnat_rule_v2": {
          "version": 0,
          "block": {
            "attributes": {
              "created_at": {
                "type": "string",
                "description_kind": "plain",
                "computed": true
              },
              "external_service_port": {
                "type": "number",
                "description_kind": "plain",
                "required": true
              },
              "floating_ip_address": {
                "type": "string",
                "description_kind": "plain",
                "computed": true
              },
              "floating_ip_id": {
                "type": "string",
                "description_kind": "plain",
                "required": true
              },
              "id": {
                "type": "string",
                "description_kind": "plain",
                "optional": true,
                "computed": true
              },
              "internal_service_port": {
                "type": "number",
                "description_kind": "plain",
                "required": true
              },
              "nat_gateway_id": {
                "type": "string",
                "description_kind": "plain",
                "required": true
              },
              "port_id": {
                "type": "string",
                "description_kind": "plain",
                "optional": true
              },
              "private_ip": {
                "type": "string",
                "description_kind": "plain",
                "optional": true
              },
              "protocol": {
                "type": "string",
                "description_kind": "plain",
                "required": true
              },
              "status": {
                "type": "string",
                "description_kind": "plain",
                "computed": true
              },
              "tenant_id": {
                "type": "string",
                "description_kind": "plain",
                "computed": true
              }
            },
            "block_types": {
              "timeouts": {
                "nesting_mode": "single",
                "block": {
                  "attributes": {
                    "create": {
                      "type": "string",
                      "description_kind": "plain",
                      "optional": true
                    },
                    "delete": {
                      "type": "string",
                      "description_kind": "plain",
                      "optional": true
                    }
                  },
                  "description_kind": "plain"
                }
              }
            },
            "description_kind": "plain"
          }
        },
        "opentelekomcloud_nat_gateway_v2": {
          "version": 0,
          "block": {
            "attributes": {
              "description": {
                "type": "string",
                "description_kind": "plain",
                "optional": true,
                "computed": true
              },
              "id": {
                "type": "string",
                "description_kind": "plain",
                "optional": true,
                "computed": true
              },
              "internal_network_id": {
                "type": "string",
                "description_kind": "plain",
                "required": true
              },
              "name": {
                "type": "string",
                "description_kind": "plain",
                "required": true
              },
              "region": {
                "type": "string",
                "description_kind": "plain",
                "optional": true,
                "computed": true
              },
              "router_id": {
                "type": "string",
                "description_kind": "plain",
                "required": true
              },
              "spec": {
                "type": "string",
                "description_kind": "plain",
                "required": true
              },
              "tags": {
                "type": [
                  "map",
                  "string"
                ],
                "description_kind": "plain",
                "optional": true
              },
              "tenant_id": {
                "type": "string",
                "description_kind": "plain",
                "optional": true,
                "computed": true
              }
            },
            "block_types": {
              "timeouts": {
                "nesting_mode": "single",
                "block": {
                  "attributes": {
                    "create": {
                      "type": "string",
                      "description_kind": "plain",
                      "optional": true
                    },
                    "delete": {
                      "type": "string",
                      "description_kind": "plain",
                      "optional": true
                    }
                  },
                  "description_kind": "plain"
                }
              }
            },
            "description_kind": "plain"
          }
        },
        "opentelekomcloud_nat_snat_rule_v2": {
          "version": 0,
          "block": {
            "attributes": {
              "cidr": {
                "type": "string",
                "description_kind": "plain",
                "optional": true
              },
              "floating_ip_id": {
                "type": "string",
                "description_kind": "plain",
                "required": true
              },
              "id": {
                "type": "string",
                "description_kind": "plain",
                "optional": true,
                "computed": true
              },
              "nat_gateway_id": {
                "type": "string",
                "description_kind": "plain",
                "required": true
              },
              "network_id": {
                "type": "string",
                "description_kind": "plain",
                "optional": true
              },
              "region": {
                "type": "string",
                "description_kind": "plain",
                "optional": true,
                "computed": true
              },
              "source_type": {
                "type": "number",
                "description_kind": "plain",
                "optional": true
              }
            },
            "block_types": {
              "timeouts": {
                "nesting_mode": "single",
                "block": {
                  "attributes": {
                    "create": {
                      "type": "string",
                      "description_kind": "plain",
                      "optional": true
                    },
                    "delete": {
                      "type": "string",
                      "description_kind": "plain",
                      "optional": true
                    }
                  },
                  "description_kind": "plain"
                }
              }
            },
            "description_kind": "plain"
          }
        },
        "opentelekomcloud_networking_floatingip_associate_v2": {
          "version": 0,
          "block": {
            "attributes": {
              "floating_ip": {
                "type": "string",
                "description_kind": "plain",
                "required": true
              },
              "id": {
                "type": "string",
                "description_kind": "plain",
                "optional": true,
                "computed": true
              },
              "port_id": {
                "type": "string",
                "description_kind": "plain",
                "required": true
              },
              "region": {
                "type": "string",
                "description_kind": "plain",
                "optional": true,
                "computed": true
              }
            },
            "description_kind": "plain"
          }
        },
        "opentelekomcloud_networking_floatingip_v2": {
          "version": 0,
          "block": {
            "attributes": {
              "address": {
                "type": "string",
                "description_kind": "plain",
                "computed": true
              },
              "fixed_ip": {
                "type": "string",
                "description_kind": "plain",
                "optional": true,
                "computed": true
              },
              "id": {
                "type": "string",
                "description_kind": "plain",
                "optional": true,
                "computed": true
              },
              "pool": {
                "type": "string",
                "description_kind": "plain",
                "optional": true
              },
              "port_id": {
                "type": "string",
                "description_kind": "plain",
                "optional": true,
                "computed": true
              },
              "region": {
                "type": "string",
                "description_kind": "plain",
                "optional": true,
                "computed": true
              },
              "tenant_id": {
                "type": "string",
                "description_kind": "plain",
                "optional": true,
                "computed": true
              },
              "value_specs": {
                "type": [
                  "map",
                  "string"
                ],
                "description_kind": "plain",
                "optional": true
              }
            },
            "block_types": {
              "timeouts": {
                "nesting_mode": "single",
                "block": {
                  "attributes": {
                    "create": {
                      "type": "string",
                      "description_kind": "plain",
                      "optional": true
                    },
                    "delete": {
                      "type": "string",
                      "description_kind": "plain",
                      "optional": true
                    }
                  },
                  "description_kind": "plain"
                }
              }
            },
            "description_kind": "plain"
          }
        },
        "opentelekomcloud_networking_network_v2": {
          "version": 0,
          "block": {
            "attributes": {
              "admin_state_up": {
                "type": "string",
                "description_kind": "plain",
                "optional": true,
                "computed": true
              },
              "id": {
                "type": "string",
                "description_kind": "plain",
                "optional": true,
                "computed": true
              },
              "name": {
                "type": "string",
                "description_kind": "plain",
                "optional": true
              },
              "region": {
                "type": "string",
                "description_kind": "plain",
                "optional": true,
                "computed": true
              },
              "shared": {
                "type": "string",
                "description_kind": "plain",
                "optional": true,
                "computed": true
              },
              "tenant_id": {
                "type": "string",
                "description_kind": "plain",
                "optional": true,
                "computed": true
              },
              "value_specs": {
                "type": [
                  "map",
                  "string"
                ],
                "description_kind": "plain",
                "optional": true
              }
            },
            "block_types": {
              "segments": {
                "nesting_mode": "list",
                "block": {
                  "attributes": {
                    "network_type": {
                      "type": "string",
                      "description_kind": "plain",
                      "optional": true
                    },
                    "physical_network": {
                      "type": "string",
                      "description_kind": "plain",
                      "optional": true
                    },
                    "segmentation_id": {
                      "type": "number",
                      "description_kind": "plain",
                      "optional": true
                    }
                  },
                  "description_kind": "plain"
                }
              },
              "timeouts": {
                "nesting_mode": "single",
                "block": {
                  "attributes": {
                    "create": {
                      "type": "string",
                      "description_kind": "plain",
                      "optional": true
                    },
                    "delete": {
                      "type": "string",
                      "description_kind": "plain",
                      "optional": true
                    }
                  },
                  "description_kind": "plain"
                }
              }
            },
            "description_kind": "plain"
          }
        },
        "opentelekomcloud_networking_port_v2": {
          "version": 0,
          "block": {
            "attributes": {
              "admin_state_up": {
                "type": "bool",
                "description_kind": "plain",
                "optional": true,
                "computed": true
              },
              "all_fixed_ips": {
                "type": [
                  "list",
                  "string"
                ],
                "description_kind": "plain",
                "computed": true
              },
              "device_id": {
                "type": "string",
                "description_kind": "plain",
                "optional": true,
                "computed": true
              },
              "device_owner": {
                "type": "string",
                "description_kind": "plain",
                "optional": true,
                "computed": true
              },
              "id": {
                "type": "string",
                "description_kind": "plain",
                "optional": true,
                "computed": true
              },
              "mac_address": {
                "type": "string",
                "description_kind": "plain",
                "optional": true,
                "computed": true
              },
              "name": {
                "type": "string",
                "description_kind": "plain",
                "optional": true
              },
              "network_id": {
                "type": "string",
                "description_kind": "plain",
                "required": true
              },
              "no_security_groups": {
                "type": "bool",
                "description_kind": "plain",
                "optional": true
              },
              "port_security_enabled": {
                "type": "bool",
                "description_kind": "plain",
                "optional": true,
                "computed": true
              },
              "region": {
                "type": "string",
                "description_kind": "plain",
                "optional": true,
                "computed": true
              },
              "security_group_ids": {
                "type": [
                  "set",
                  "string"
                ],
                "description_kind": "plain",
                "optional": true,
                "computed": true
              },
              "tenant_id": {
                "type": "string",
                "description_kind": "plain",
                "optional": true,
                "computed": true
              },
              "value_specs": {
                "type": [
                  "map",
                  "string"
                ],
                "description_kind": "plain",
                "optional": true
              }
            },
            "block_types": {
              "allowed_address_pairs": {
                "nesting_mode": "set",
                "block": {
                  "attributes": {
                    "ip_address": {
                      "type": "string",
                      "description_kind": "plain",
                      "required": true
                    },
                    "mac_address": {
                      "type": "string",
                      "description_kind": "plain",
                      "optional": true,
                      "computed": true
                    }
                  },
                  "description_kind": "plain"
                }
              },
              "fixed_ip": {
                "nesting_mode": "list",
                "block": {
                  "attributes": {
                    "ip_address": {
                      "type": "string",
                      "description_kind": "plain",
                      "optional": true
                    },
                    "subnet_id": {
                      "type": "string",
                      "description_kind": "plain",
                      "required": true
                    }
                  },
                  "description_kind": "plain"
                }
              },
              "timeouts": {
                "nesting_mode": "single",
                "block": {
                  "attributes": {
                    "create": {
                      "type": "string",
                      "description_kind": "plain",
                      "optional": true
                    },
                    "delete": {
                      "type": "string",
                      "description_kind": "plain",
                      "optional": true
                    }
                  },
                  "description_kind": "plain"
                }
              }
            },
            "description_kind": "plain"
          }
        },
        "opentelekomcloud_networking_router_interface_v2": {
          "version": 0,
          "block": {
            "attributes": {
              "id": {
                "type": "string",
                "description_kind": "plain",
                "optional": true,
                "computed": true
              },
              "port_id": {
                "type": "string",
                "description_kind": "plain",
                "optional": true
              },
              "region": {
                "type": "string",
                "description_kind": "plain",
                "optional": true,
                "computed": true
              },
              "router_id": {
                "type": "string",
                "description_kind": "plain",
                "required": true
              },
              "subnet_id": {
                "type": "string",
                "description_kind": "plain",
                "optional": true
              }
            },
            "block_types": {
              "timeouts": {
                "nesting_mode": "single",
                "block": {
                  "attributes": {
                    "create": {
                      "type": "string",
                      "description_kind": "plain",
                      "optional": true
                    },
                    "delete": {
                      "type": "string",
                      "description_kind": "plain",
                      "optional": true
                    }
                  },
                  "description_kind": "plain"
                }
              }
            },
            "description_kind": "plain"
          }
        },
        "opentelekomcloud_networking_router_route_v2": {
          "version": 0,
          "block": {
            "attributes": {
              "destination_cidr": {
                "type": "string",
                "description_kind": "plain",
                "required": true
              },
              "id": {
                "type": "string",
                "description_kind": "plain",
                "optional": true,
                "computed": true
              },
              "next_hop": {
                "type": "string",
                "description_kind": "plain",
                "required": true
              },
              "region": {
                "type": "string",
                "description_kind": "plain",
                "optional": true,
                "computed": true
              },
              "router_id": {
                "type": "string",
                "description_kind": "plain",
                "required": true
              }
            },
            "description_kind": "plain"
          }
        },
        "opentelekomcloud_networking_router_v2": {
          "version": 0,
          "block": {
            "attributes": {
              "admin_state_up": {
                "type": "bool",
                "description_kind": "plain",
                "optional": true,
                "computed": true
              },
              "distributed": {
                "type": "bool",
                "description_kind": "plain",
                "optional": true,
                "computed": true
              },
              "enable_snat": {
                "type": "bool",
                "description_kind": "plain",
                "optional": true,
                "computed": true
              },
              "external_gateway": {
                "type": "string",
                "description_kind": "plain",
                "optional": true
              },
              "id": {
                "type": "string",
                "description_kind": "plain",
                "optional": true,
                "computed": true
              },
              "name": {
                "type": "string",
                "description_kind": "plain",
                "optional": true
              },
              "region": {
                "type": "string",
                "description_kind": "plain",
                "optional": true,
                "computed": true
              },
              "tenant_id": {
                "type": "string",
                "description_kind": "plain",
                "optional": true,
                "computed": true
              },
              "value_specs": {
                "type": [
                  "map",
                  "string"
                ],
                "description_kind": "plain",
                "optional": true
              }
            },
            "block_types": {
              "timeouts": {
                "nesting_mode": "single",
                "block": {
                  "attributes": {
                    "create": {
                      "type": "string",
                      "description_kind": "plain",
                      "optional": true
                    },
                    "delete": {
                      "type": "string",
                      "description_kind": "plain",
                      "optional": true
                    }
                  },
                  "description_kind": "plain"
                }
              }
            },
            "description_kind": "plain"
          }
        },
        "opentelekomcloud_networking_secgroup_rule_v2": {
          "version": 0,
          "block": {
            "attributes": {
              "description": {
                "type": "string",
                "description_kind": "plain",
                "optional": true
              },
              "direction": {
                "type": "string",
                "description_kind": "plain",
                "required": true
              },
              "ethertype": {
                "type": "string",
                "description_kind": "plain",
                "required": true
              },
              "id": {
                "type": "string",
                "description_kind": "plain",
                "optional": true,
                "computed": true
              },
              "port_range_max": {
                "type": "number",
                "description_kind": "plain",
                "optional": true,
                "computed": true
              },
              "port_range_min": {
                "type": "number",
                "description_kind": "plain",
                "optional": true,
                "computed": true
              },
              "protocol": {
                "type": "string",
                "description_kind": "plain",
                "optional": true,
                "computed": true
              },
              "region": {
                "type": "string",
                "description_kind": "plain",
                "optional": true,
                "computed": true
              },
              "remote_group_id": {
                "type": "string",
                "description_kind": "plain",
                "optional": true,
                "computed": true
              },
              "remote_ip_prefix": {
                "type": "string",
                "description_kind": "plain",
                "optional": true,
                "computed": true
              },
              "security_group_id": {
                "type": "string",
                "description_kind": "plain",
                "required": true
              },
              "tenant_id": {
                "type": "string",
                "description_kind": "plain",
                "optional": true,
                "computed": true
              }
            },
            "block_types": {
              "timeouts": {
                "nesting_mode": "single",
                "block": {
                  "attributes": {
                    "delete": {
                      "type": "string",
                      "description_kind": "plain",
                      "optional": true
                    }
                  },
                  "description_kind": "plain"
                }
              }
            },
            "description_kind": "plain"
          }
        },
        "opentelekomcloud_networking_secgroup_v2": {
          "version": 0,
          "block": {
            "attributes": {
              "delete_default_rules": {
                "type": "bool",
                "description_kind": "plain",
                "optional": true
              },
              "description": {
                "type": "string",
                "description_kind": "plain",
                "optional": true,
                "computed": true
              },
              "id": {
                "type": "string",
                "description_kind": "plain",
                "optional": true,
                "computed": true
              },
              "name": {
                "type": "string",
                "description_kind": "plain",
                "required": true
              },
              "region": {
                "type": "string",
                "description_kind": "plain",
                "optional": true,
                "computed": true
              },
              "tenant_id": {
                "type": "string",
                "description_kind": "plain",
                "optional": true,
                "computed": true
              }
            },
            "block_types": {
              "timeouts": {
                "nesting_mode": "single",
                "block": {
                  "attributes": {
                    "delete": {
                      "type": "string",
                      "description_kind": "plain",
                      "optional": true
                    }
                  },
                  "description_kind": "plain"
                }
              }
            },
            "description_kind": "plain"
          }
        },
        "opentelekomcloud_networking_subnet_v2": {
          "version": 0,
          "block": {
            "attributes": {
              "cidr": {
                "type": "string",
                "description_kind": "plain",
                "required": true
              },
              "dns_nameservers": {
                "type": [
                  "set",
                  "string"
                ],
                "description_kind": "plain",
                "optional": true
              },
              "enable_dhcp": {
                "type": "bool",
                "description_kind": "plain",
                "optional": true
              },
              "gateway_ip": {
                "type": "string",
                "description_kind": "plain",
                "optional": true,
                "computed": true
              },
              "id": {
                "type": "string",
                "description_kind": "plain",
                "optional": true,
                "computed": true
              },
              "ip_version": {
                "type": "number",
                "description_kind": "plain",
                "optional": true
              },
              "name": {
                "type": "string",
                "description_kind": "plain",
                "optional": true
              },
              "network_id": {
                "type": "string",
                "description_kind": "plain",
                "required": true
              },
              "no_gateway": {
                "type": "bool",
                "description_kind": "plain",
                "optional": true
              },
              "region": {
                "type": "string",
                "description_kind": "plain",
                "optional": true,
                "computed": true
              },
              "tenant_id": {
                "type": "string",
                "description_kind": "plain",
                "optional": true,
                "computed": true
              },
              "value_specs": {
                "type": [
                  "map",
                  "string"
                ],
                "description_kind": "plain",
                "optional": true
              }
            },
            "block_types": {
              "allocation_pools": {
                "nesting_mode": "list",
                "block": {
                  "attributes": {
                    "end": {
                      "type": "string",
                      "description_kind": "plain",
                      "required": true
                    },
                    "start": {
                      "type": "string",
                      "description_kind": "plain",
                      "required": true
                    }
                  },
                  "description_kind": "plain"
                }
              },
              "host_routes": {
                "nesting_mode": "list",
                "block": {
                  "attributes": {
                    "destination_cidr": {
                      "type": "string",
                      "description_kind": "plain",
                      "required": true
                    },
                    "next_hop": {
                      "type": "string",
                      "description_kind": "plain",
                      "required": true
                    }
                  },
                  "description_kind": "plain"
                }
              },
              "timeouts": {
                "nesting_mode": "single",
                "block": {
                  "attributes": {
                    "create": {
                      "type": "string",
                      "description_kind": "plain",
                      "optional": true
                    },
                    "delete": {
                      "type": "string",
                      "description_kind": "plain",
                      "optional": true
                    }
                  },
                  "description_kind": "plain"
                }
              }
            },
            "description_kind": "plain"
          }
        },
        "opentelekomcloud_networking_vip_associate_v2": {
          "version": 0,
          "block": {
            "attributes": {
              "id": {
                "type": "string",
                "description_kind": "plain",
                "optional": true,
                "computed": true
              },
              "port_ids": {
                "type": [
                  "set",
                  "string"
                ],
                "description_kind": "plain",
                "required": true
              },
              "vip_id": {
                "type": "string",
                "description_kind": "plain",
                "required": true
              },
              "vip_ip_address": {
                "type": "string",
                "description_kind": "plain",
                "computed": true
              },
              "vip_subnet_id": {
                "type": "string",
                "description_kind": "plain",
                "computed": true
              }
            },
            "description_kind": "plain"
          }
        },
        "opentelekomcloud_networking_vip_v2": {
          "version": 0,
          "block": {
            "attributes": {
              "device_owner": {
                "type": "string",
                "description_kind": "plain",
                "computed": true
              },
              "id": {
                "type": "string",
                "description_kind": "plain",
                "optional": true,
                "computed": true
              },
              "ip_address": {
                "type": "string",
                "description_kind": "plain",
                "optional": true,
                "computed": true
              },
              "name": {
                "type": "string",
                "description_kind": "plain",
                "optional": true,
                "computed": true
              },
              "network_id": {
                "type": "string",
                "description_kind": "plain",
                "required": true
              },
              "status": {
                "type": "string",
                "description_kind": "plain",
                "computed": true
              },
              "subnet_id": {
                "type": "string",
                "description_kind": "plain",
                "required": true
              },
              "tenant_id": {
                "type": "string",
                "description_kind": "plain",
                "computed": true
              }
            },
            "description_kind": "plain"
          }
        },
        "opentelekomcloud_obs_bucket": {
          "version": 0,
          "block": {
            "attributes": {
              "acl": {
                "type": "string",
                "description_kind": "plain",
                "optional": true
              },
              "bucket": {
                "type": "string",
                "description_kind": "plain",
                "required": true
              },
              "bucket_domain_name": {
                "type": "string",
                "description_kind": "plain",
                "computed": true
              },
              "force_destroy": {
                "type": "bool",
                "description_kind": "plain",
                "optional": true
              },
              "id": {
                "type": "string",
                "description_kind": "plain",
                "optional": true,
                "computed": true
              },
              "region": {
                "type": "string",
                "description_kind": "plain",
                "optional": true,
                "computed": true
              },
              "storage_class": {
                "type": "string",
                "description_kind": "plain",
                "optional": true
              },
              "tags": {
                "type": [
                  "map",
                  "string"
                ],
                "description_kind": "plain",
                "optional": true
              },
              "versioning": {
                "type": "bool",
                "description_kind": "plain",
                "optional": true
              }
            },
            "block_types": {
              "cors_rule": {
                "nesting_mode": "list",
                "block": {
                  "attributes": {
                    "allowed_headers": {
                      "type": [
                        "list",
                        "string"
                      ],
                      "description_kind": "plain",
                      "optional": true
                    },
                    "allowed_methods": {
                      "type": [
                        "list",
                        "string"
                      ],
                      "description_kind": "plain",
                      "required": true
                    },
                    "allowed_origins": {
                      "type": [
                        "list",
                        "string"
                      ],
                      "description_kind": "plain",
                      "required": true
                    },
                    "expose_headers": {
                      "type": [
                        "list",
                        "string"
                      ],
                      "description_kind": "plain",
                      "optional": true
                    },
                    "max_age_seconds": {
                      "type": "number",
                      "description_kind": "plain",
                      "optional": true
                    }
                  },
                  "description_kind": "plain"
                }
              },
              "event_notifications": {
                "nesting_mode": "list",
                "block": {
                  "attributes": {
                    "events": {
                      "type": [
                        "set",
                        "string"
                      ],
                      "description_kind": "plain",
                      "required": true
                    },
                    "id": {
                      "type": "string",
                      "description_kind": "plain",
                      "optional": true,
                      "computed": true
                    },
                    "topic": {
                      "type": "string",
                      "description_kind": "plain",
                      "required": true
                    }
                  },
                  "block_types": {
                    "filter_rule": {
                      "nesting_mode": "set",
                      "block": {
                        "attributes": {
                          "name": {
                            "type": "string",
                            "description_kind": "plain",
                            "optional": true
                          },
                          "value": {
                            "type": "string",
                            "description_kind": "plain",
                            "optional": true
                          }
                        },
                        "description_kind": "plain"
                      }
                    }
                  },
                  "description_kind": "plain"
                }
              },
              "lifecycle_rule": {
                "nesting_mode": "list",
                "block": {
                  "attributes": {
                    "enabled": {
                      "type": "bool",
                      "description_kind": "plain",
                      "required": true
                    },
                    "name": {
                      "type": "string",
                      "description_kind": "plain",
                      "required": true
                    },
                    "prefix": {
                      "type": "string",
                      "description_kind": "plain",
                      "optional": true
                    }
                  },
                  "block_types": {
                    "expiration": {
                      "nesting_mode": "set",
                      "block": {
                        "attributes": {
                          "days": {
                            "type": "number",
                            "description_kind": "plain",
                            "required": true
                          }
                        },
                        "description_kind": "plain"
                      }
                    },
                    "noncurrent_version_expiration": {
                      "nesting_mode": "set",
                      "block": {
                        "attributes": {
                          "days": {
                            "type": "number",
                            "description_kind": "plain",
                            "required": true
                          }
                        },
                        "description_kind": "plain"
                      }
                    },
                    "noncurrent_version_transition": {
                      "nesting_mode": "list",
                      "block": {
                        "attributes": {
                          "days": {
                            "type": "number",
                            "description_kind": "plain",
                            "required": true
                          },
                          "storage_class": {
                            "type": "string",
                            "description_kind": "plain",
                            "required": true
                          }
                        },
                        "description_kind": "plain"
                      }
                    },
                    "transition": {
                      "nesting_mode": "list",
                      "block": {
                        "attributes": {
                          "days": {
                            "type": "number",
                            "description_kind": "plain",
                            "required": true
                          },
                          "storage_class": {
                            "type": "string",
                            "description_kind": "plain",
                            "required": true
                          }
                        },
                        "description_kind": "plain"
                      }
                    }
                  },
                  "description_kind": "plain"
                }
              },
              "logging": {
                "nesting_mode": "set",
                "block": {
                  "attributes": {
                    "target_bucket": {
                      "type": "string",
                      "description_kind": "plain",
                      "required": true
                    },
                    "target_prefix": {
                      "type": "string",
                      "description_kind": "plain",
                      "optional": true
                    }
                  },
                  "description_kind": "plain"
                }
              },
              "server_side_encryption": {
                "nesting_mode": "list",
                "block": {
                  "attributes": {
                    "algorithm": {
                      "type": "string",
                      "description_kind": "plain",
                      "required": true
                    },
                    "kms_key_id": {
                      "type": "string",
                      "description_kind": "plain",
                      "required": true
                    }
                  },
                  "description_kind": "plain"
                },
                "max_items": 1
              },
              "website": {
                "nesting_mode": "list",
                "block": {
                  "attributes": {
                    "error_document": {
                      "type": "string",
                      "description_kind": "plain",
                      "optional": true
                    },
                    "index_document": {
                      "type": "string",
                      "description_kind": "plain",
                      "optional": true
                    },
                    "redirect_all_requests_to": {
                      "type": "string",
                      "description_kind": "plain",
                      "optional": true
                    },
                    "routing_rules": {
                      "type": "string",
                      "description_kind": "plain",
                      "optional": true
                    }
                  },
                  "description_kind": "plain"
                },
                "max_items": 1
              }
            },
            "description_kind": "plain"
          }
        },
        "opentelekomcloud_obs_bucket_object": {
          "version": 0,
          "block": {
            "attributes": {
              "acl": {
                "type": "string",
                "description_kind": "plain",
                "optional": true
              },
              "bucket": {
                "type": "string",
                "description_kind": "plain",
                "required": true
              },
              "content": {
                "type": "string",
                "description_kind": "plain",
                "optional": true
              },
              "content_type": {
                "type": "string",
                "description_kind": "plain",
                "optional": true
              },
              "encryption": {
                "type": "bool",
                "description_kind": "plain",
                "optional": true
              },
              "etag": {
                "type": "string",
                "description_kind": "plain",
                "optional": true,
                "computed": true
              },
              "id": {
                "type": "string",
                "description_kind": "plain",
                "optional": true,
                "computed": true
              },
              "key": {
                "type": "string",
                "description_kind": "plain",
                "required": true
              },
              "kms_key_id": {
                "type": "string",
                "description_kind": "plain",
                "optional": true
              },
              "size": {
                "type": "number",
                "description_kind": "plain",
                "computed": true
              },
              "source": {
                "type": "string",
                "description_kind": "plain",
                "optional": true
              },
              "storage_class": {
                "type": "string",
                "description_kind": "plain",
                "optional": true,
                "computed": true
              },
              "version_id": {
                "type": "string",
                "description_kind": "plain",
                "computed": true
              }
            },
            "description_kind": "plain"
          }
        },
        "opentelekomcloud_obs_bucket_policy": {
          "version": 0,
          "block": {
            "attributes": {
              "bucket": {
                "type": "string",
                "description_kind": "plain",
                "required": true
              },
              "id": {
                "type": "string",
                "description_kind": "plain",
                "optional": true,
                "computed": true
              },
              "policy": {
                "type": "string",
                "description_kind": "plain",
                "required": true
              }
            },
            "description_kind": "plain"
          }
        },
        "opentelekomcloud_rds_instance_v1": {
          "version": 0,
          "block": {
            "attributes": {
              "availabilityzone": {
                "type": "string",
                "description_kind": "plain",
                "required": true
              },
              "created": {
                "type": "string",
                "description_kind": "plain",
                "computed": true
              },
              "dbport": {
                "type": "string",
                "description_kind": "plain",
                "optional": true
              },
              "dbrtpd": {
                "type": "string",
                "description_kind": "plain",
                "required": true
              },
              "flavorref": {
                "type": "string",
                "description_kind": "plain",
                "required": true
              },
              "hostname": {
                "type": "string",
                "description_kind": "plain",
                "computed": true
              },
              "id": {
                "type": "string",
                "description_kind": "plain",
                "optional": true,
                "computed": true
              },
              "name": {
                "type": "string",
                "description_kind": "plain",
                "optional": true,
                "computed": true
              },
              "region": {
                "type": "string",
                "description_kind": "plain",
                "optional": true,
                "computed": true
              },
              "status": {
                "type": "string",
                "description_kind": "plain",
                "computed": true
              },
              "tag": {
                "type": [
                  "map",
                  "string"
                ],
                "description_kind": "plain",
                "optional": true
              },
              "type": {
                "type": "string",
                "description_kind": "plain",
                "computed": true
              },
              "updated": {
                "type": "string",
                "description_kind": "plain",
                "computed": true
              },
              "vpc": {
                "type": "string",
                "description_kind": "plain",
                "required": true
              }
            },
            "block_types": {
              "backupstrategy": {
                "nesting_mode": "list",
                "block": {
                  "attributes": {
                    "keepdays": {
                      "type": "number",
                      "description_kind": "plain",
                      "optional": true
                    },
                    "starttime": {
                      "type": "string",
                      "description_kind": "plain",
                      "optional": true
                    }
                  },
                  "description_kind": "plain"
                },
                "max_items": 1
              },
              "datastore": {
                "nesting_mode": "list",
                "block": {
                  "attributes": {
                    "type": {
                      "type": "string",
                      "description_kind": "plain",
                      "required": true
                    },
                    "version": {
                      "type": "string",
                      "description_kind": "plain",
                      "required": true
                    }
                  },
                  "description_kind": "plain"
                },
                "min_items": 1,
                "max_items": 1
              },
              "ha": {
                "nesting_mode": "list",
                "block": {
                  "attributes": {
                    "enable": {
                      "type": "bool",
                      "description_kind": "plain",
                      "optional": true
                    },
                    "replicationmode": {
                      "type": "string",
                      "description_kind": "plain",
                      "optional": true
                    }
                  },
                  "description_kind": "plain"
                },
                "max_items": 1
              },
              "nics": {
                "nesting_mode": "list",
                "block": {
                  "attributes": {
                    "subnetid": {
                      "type": "string",
                      "description_kind": "plain",
                      "required": true
                    }
                  },
                  "description_kind": "plain"
                },
                "min_items": 1,
                "max_items": 1
              },
              "securitygroup": {
                "nesting_mode": "list",
                "block": {
                  "attributes": {
                    "id": {
                      "type": "string",
                      "description_kind": "plain",
                      "required": true
                    }
                  },
                  "description_kind": "plain"
                },
                "min_items": 1,
                "max_items": 1
              },
              "timeouts": {
                "nesting_mode": "single",
                "block": {
                  "attributes": {
                    "create": {
                      "type": "string",
                      "description_kind": "plain",
                      "optional": true
                    },
                    "delete": {
                      "type": "string",
                      "description_kind": "plain",
                      "optional": true
                    }
                  },
                  "description_kind": "plain"
                }
              },
              "volume": {
                "nesting_mode": "list",
                "block": {
                  "attributes": {
                    "size": {
                      "type": "number",
                      "description_kind": "plain",
                      "required": true
                    },
                    "type": {
                      "type": "string",
                      "description_kind": "plain",
                      "required": true
                    }
                  },
                  "description_kind": "plain"
                },
                "min_items": 1,
                "max_items": 1
              }
            },
            "description_kind": "plain",
            "deprecated": true
          }
        },
        "opentelekomcloud_rds_instance_v3": {
          "version": 0,
          "block": {
            "attributes": {
              "availability_zone": {
                "type": [
                  "list",
                  "string"
                ],
                "description_kind": "plain",
                "required": true
              },
              "created": {
                "type": "string",
                "description_kind": "plain",
                "computed": true
              },
              "flavor": {
                "type": "string",
                "description_kind": "plain",
                "required": true
              },
              "ha_replication_mode": {
                "type": "string",
                "description_kind": "plain",
                "optional": true,
                "computed": true
              },
              "id": {
                "type": "string",
                "description_kind": "plain",
                "optional": true,
                "computed": true
              },
              "name": {
                "type": "string",
                "description_kind": "plain",
                "required": true
              },
              "nodes": {
                "type": [
                  "list",
                  [
                    "object",
                    {
                      "availability_zone": "string",
                      "id": "string",
                      "name": "string",
                      "role": "string",
                      "status": "string"
                    }
                  ]
                ],
                "description_kind": "plain",
                "computed": true
              },
              "param_group_id": {
                "type": "string",
                "description_kind": "plain",
                "optional": true
              },
              "parameters": {
                "type": [
                  "map",
                  "string"
                ],
                "description_kind": "plain",
                "optional": true
              },
              "private_ips": {
                "type": [
                  "list",
                  "string"
                ],
                "description_kind": "plain",
                "computed": true
              },
              "public_ips": {
                "type": [
                  "list",
                  "string"
                ],
                "description_kind": "plain",
                "optional": true
              },
              "security_group_id": {
                "type": "string",
                "description_kind": "plain",
                "required": true
              },
              "ssl_enable": {
                "type": "bool",
                "description_kind": "plain",
                "optional": true
              },
              "subnet_id": {
                "type": "string",
                "description_kind": "plain",
                "required": true
              },
              "tag": {
                "type": [
                  "map",
                  "string"
                ],
                "description_kind": "plain",
                "deprecated": true,
                "optional": true
              },
              "tags": {
                "type": [
                  "map",
                  "string"
                ],
                "description_kind": "plain",
                "optional": true
              },
              "vpc_id": {
                "type": "string",
                "description_kind": "plain",
                "required": true
              }
            },
            "block_types": {
              "backup_strategy": {
                "nesting_mode": "list",
                "block": {
                  "attributes": {
                    "keep_days": {
                      "type": "number",
                      "description_kind": "plain",
                      "optional": true,
                      "computed": true
                    },
                    "start_time": {
                      "type": "string",
                      "description_kind": "plain",
                      "required": true
                    }
                  },
                  "description_kind": "plain"
                },
                "max_items": 1
              },
              "db": {
                "nesting_mode": "list",
                "block": {
                  "attributes": {
                    "password": {
                      "type": "string",
                      "description_kind": "plain",
                      "required": true,
                      "sensitive": true
                    },
                    "port": {
                      "type": "number",
                      "description_kind": "plain",
                      "optional": true,
                      "computed": true
                    },
                    "type": {
                      "type": "string",
                      "description_kind": "plain",
                      "optional": true,
                      "computed": true
                    },
                    "user_name": {
                      "type": "string",
                      "description_kind": "plain",
                      "computed": true
                    },
                    "version": {
                      "type": "string",
                      "description_kind": "plain",
                      "optional": true,
                      "computed": true
                    }
                  },
                  "description_kind": "plain"
                },
                "min_items": 1,
                "max_items": 1
              },
              "restore_point": {
                "nesting_mode": "list",
                "block": {
                  "attributes": {
                    "backup_id": {
                      "type": "string",
                      "description_kind": "plain",
                      "optional": true
                    },
                    "instance_id": {
                      "type": "string",
                      "description_kind": "plain",
                      "required": true
                    },
                    "restore_time": {
                      "type": "number",
                      "description_kind": "plain",
                      "optional": true
                    }
                  },
                  "description_kind": "plain"
                },
                "max_items": 1
              },
              "timeouts": {
                "nesting_mode": "single",
                "block": {
                  "attributes": {
                    "create": {
                      "type": "string",
                      "description_kind": "plain",
                      "optional": true
                    },
                    "update": {
                      "type": "string",
                      "description_kind": "plain",
                      "optional": true
                    }
                  },
                  "description_kind": "plain"
                }
              },
              "volume": {
                "nesting_mode": "list",
                "block": {
                  "attributes": {
                    "disk_encryption_id": {
                      "type": "string",
                      "description_kind": "plain",
                      "optional": true,
                      "computed": true
                    },
                    "size": {
                      "type": "number",
                      "description_kind": "plain",
                      "required": true
                    },
                    "type": {
                      "type": "string",
                      "description_kind": "plain",
                      "required": true
                    }
                  },
                  "description_kind": "plain"
                },
                "min_items": 1,
                "max_items": 1
              }
            },
            "description_kind": "plain"
          }
        },
        "opentelekomcloud_rds_parametergroup_v3": {
          "version": 0,
          "block": {
            "attributes": {
              "configuration_parameters": {
                "type": [
                  "list",
                  [
                    "object",
                    {
                      "description": "string",
                      "name": "string",
                      "readonly": "bool",
                      "restart_required": "bool",
                      "type": "string",
                      "value": "string",
                      "value_range": "string"
                    }
                  ]
                ],
                "description_kind": "plain",
                "computed": true
              },
              "created": {
                "type": "string",
                "description_kind": "plain",
                "computed": true
              },
              "description": {
                "type": "string",
                "description_kind": "plain",
                "optional": true
              },
              "id": {
                "type": "string",
                "description_kind": "plain",
                "optional": true,
                "computed": true
              },
              "name": {
                "type": "string",
                "description_kind": "plain",
                "required": true
              },
              "updated": {
                "type": "string",
                "description_kind": "plain",
                "computed": true
              },
              "values": {
                "type": [
                  "map",
                  "string"
                ],
                "description_kind": "plain",
                "optional": true
              }
            },
            "block_types": {
              "datastore": {
                "nesting_mode": "list",
                "block": {
                  "attributes": {
                    "type": {
                      "type": "string",
                      "description_kind": "plain",
                      "required": true
                    },
                    "version": {
                      "type": "string",
                      "description_kind": "plain",
                      "required": true
                    }
                  },
                  "description_kind": "plain"
                },
                "min_items": 1,
                "max_items": 1
              }
            },
            "description_kind": "plain"
          }
        },
        "opentelekomcloud_rds_read_replica_v3": {
          "version": 0,
          "block": {
            "attributes": {
              "availability_zone": {
                "type": "string",
                "description_kind": "plain",
                "optional": true,
                "computed": true
              },
              "db": {
                "type": [
                  "list",
                  [
                    "object",
                    {
                      "port": "number",
                      "type": "string",
                      "user_name": "string",
                      "version": "string"
                    }
                  ]
                ],
                "description_kind": "plain",
                "computed": true
              },
              "flavor_ref": {
                "type": "string",
                "description_kind": "plain",
                "required": true
              },
              "id": {
                "type": "string",
                "description_kind": "plain",
                "optional": true,
                "computed": true
              },
              "name": {
                "type": "string",
                "description_kind": "plain",
                "required": true
              },
              "private_ips": {
                "type": [
                  "set",
                  "string"
                ],
                "description_kind": "plain",
                "computed": true
              },
              "public_ips": {
                "type": [
                  "set",
                  "string"
                ],
                "description_kind": "plain",
                "optional": true,
                "computed": true
              },
              "region": {
                "type": "string",
                "description_kind": "plain",
                "optional": true,
                "computed": true
              },
              "replica_of_id": {
                "type": "string",
                "description_kind": "plain",
                "required": true
              },
              "security_group_id": {
                "type": "string",
                "description_kind": "plain",
                "computed": true
              },
              "subnet_id": {
                "type": "string",
                "description_kind": "plain",
                "computed": true
              },
              "vpc_id": {
                "type": "string",
                "description_kind": "plain",
                "computed": true
              }
            },
            "block_types": {
              "timeouts": {
                "nesting_mode": "single",
                "block": {
                  "attributes": {
                    "create": {
                      "type": "string",
                      "description_kind": "plain",
                      "optional": true
                    },
                    "update": {
                      "type": "string",
                      "description_kind": "plain",
                      "optional": true
                    }
                  },
                  "description_kind": "plain"
                }
              },
              "volume": {
                "nesting_mode": "list",
                "block": {
                  "attributes": {
                    "disk_encryption_id": {
                      "type": "string",
                      "description_kind": "plain",
                      "optional": true,
                      "computed": true
                    },
                    "size": {
                      "type": "number",
                      "description_kind": "plain",
                      "computed": true
                    },
                    "type": {
                      "type": "string",
                      "description_kind": "plain",
                      "required": true
                    }
                  },
                  "description_kind": "plain"
                },
                "min_items": 1,
                "max_items": 1
              }
            },
            "description_kind": "plain"
          }
        },
        "opentelekomcloud_rts_software_config_v1": {
          "version": 0,
          "block": {
            "attributes": {
              "config": {
                "type": "string",
                "description_kind": "plain",
                "optional": true
              },
              "group": {
                "type": "string",
                "description_kind": "plain",
                "optional": true
              },
              "id": {
                "type": "string",
                "description_kind": "plain",
                "optional": true,
                "computed": true
              },
              "input_values": {
                "type": [
                  "list",
                  [
                    "map",
                    "string"
                  ]
                ],
                "description_kind": "plain",
                "optional": true
              },
              "name": {
                "type": "string",
                "description_kind": "plain",
                "required": true
              },
              "options": {
                "type": [
                  "map",
                  "string"
                ],
                "description_kind": "plain",
                "optional": true
              },
              "output_values": {
                "type": [
                  "list",
                  [
                    "map",
                    "string"
                  ]
                ],
                "description_kind": "plain",
                "optional": true
              },
              "region": {
                "type": "string",
                "description_kind": "plain",
                "optional": true,
                "computed": true
              }
            },
            "block_types": {
              "timeouts": {
                "nesting_mode": "single",
                "block": {
                  "attributes": {
                    "create": {
                      "type": "string",
                      "description_kind": "plain",
                      "optional": true
                    },
                    "delete": {
                      "type": "string",
                      "description_kind": "plain",
                      "optional": true
                    }
                  },
                  "description_kind": "plain"
                }
              }
            },
            "description_kind": "plain"
          }
        },
        "opentelekomcloud_rts_software_deployment_v1": {
          "version": 0,
          "block": {
            "attributes": {
              "action": {
                "type": "string",
                "description_kind": "plain",
                "optional": true,
                "computed": true
              },
              "config_id": {
                "type": "string",
                "description_kind": "plain",
                "required": true
              },
              "id": {
                "type": "string",
                "description_kind": "plain",
                "optional": true,
                "computed": true
              },
              "input_values": {
                "type": [
                  "map",
                  "string"
                ],
                "description_kind": "plain",
                "optional": true,
                "computed": true
              },
              "output_values": {
                "type": [
                  "map",
                  "string"
                ],
                "description_kind": "plain",
                "optional": true,
                "computed": true
              },
              "region": {
                "type": "string",
                "description_kind": "plain",
                "optional": true,
                "computed": true
              },
              "server_id": {
                "type": "string",
                "description_kind": "plain",
                "required": true
              },
              "status": {
                "type": "string",
                "description_kind": "plain",
                "optional": true,
                "computed": true
              },
              "status_reason": {
                "type": "string",
                "description_kind": "plain",
                "optional": true,
                "computed": true
              },
              "tenant_id": {
                "type": "string",
                "description_kind": "plain",
                "optional": true
              }
            },
            "block_types": {
              "timeouts": {
                "nesting_mode": "single",
                "block": {
                  "attributes": {
                    "create": {
                      "type": "string",
                      "description_kind": "plain",
                      "optional": true
                    },
                    "delete": {
                      "type": "string",
                      "description_kind": "plain",
                      "optional": true
                    }
                  },
                  "description_kind": "plain"
                }
              }
            },
            "description_kind": "plain"
          }
        },
        "opentelekomcloud_rts_stack_v1": {
          "version": 0,
          "block": {
            "attributes": {
              "capabilities": {
                "type": [
                  "set",
                  "string"
                ],
                "description_kind": "plain",
                "computed": true
              },
              "disable_rollback": {
                "type": "bool",
                "description_kind": "plain",
                "optional": true,
                "computed": true
              },
              "environment": {
                "type": "string",
                "description_kind": "plain",
                "optional": true
              },
              "files": {
                "type": [
                  "map",
                  "string"
                ],
                "description_kind": "plain",
                "optional": true
              },
              "id": {
                "type": "string",
                "description_kind": "plain",
                "optional": true,
                "computed": true
              },
              "name": {
                "type": "string",
                "description_kind": "plain",
                "required": true
              },
              "notification_topics": {
                "type": [
                  "set",
                  "string"
                ],
                "description_kind": "plain",
                "computed": true
              },
              "outputs": {
                "type": [
                  "map",
                  "string"
                ],
                "description_kind": "plain",
                "computed": true
              },
              "parameters": {
                "type": [
                  "map",
                  "string"
                ],
                "description_kind": "plain",
                "optional": true,
                "computed": true
              },
              "region": {
                "type": "string",
                "description_kind": "plain",
                "optional": true,
                "computed": true
              },
              "status": {
                "type": "string",
                "description_kind": "plain",
                "computed": true
              },
              "status_reason": {
                "type": "string",
                "description_kind": "plain",
                "computed": true
              },
              "template_body": {
                "type": "string",
                "description_kind": "plain",
                "optional": true,
                "computed": true
              },
              "template_url": {
                "type": "string",
                "description_kind": "plain",
                "optional": true
              },
              "timeout_mins": {
                "type": "number",
                "description_kind": "plain",
                "optional": true,
                "computed": true
              }
            },
            "block_types": {
              "timeouts": {
                "nesting_mode": "single",
                "block": {
                  "attributes": {
                    "create": {
                      "type": "string",
                      "description_kind": "plain",
                      "optional": true
                    },
                    "delete": {
                      "type": "string",
                      "description_kind": "plain",
                      "optional": true
                    },
                    "update": {
                      "type": "string",
                      "description_kind": "plain",
                      "optional": true
                    }
                  },
                  "description_kind": "plain"
                }
              }
            },
            "description_kind": "plain"
          }
        },
        "opentelekomcloud_s3_bucket": {
          "version": 0,
          "block": {
            "attributes": {
              "acl": {
                "type": "string",
                "description_kind": "plain",
                "optional": true
              },
              "arn": {
                "type": "string",
                "description_kind": "plain",
                "optional": true,
                "computed": true
              },
              "bucket": {
                "type": "string",
                "description_kind": "plain",
                "optional": true,
                "computed": true
              },
              "bucket_domain_name": {
                "type": "string",
                "description_kind": "plain",
                "computed": true
              },
              "bucket_prefix": {
                "type": "string",
                "description_kind": "plain",
                "optional": true
              },
              "force_destroy": {
                "type": "bool",
                "description_kind": "plain",
                "optional": true
              },
              "hosted_zone_id": {
                "type": "string",
                "description_kind": "plain",
                "optional": true,
                "computed": true
              },
              "id": {
                "type": "string",
                "description_kind": "plain",
                "optional": true,
                "computed": true
              },
              "policy": {
                "type": "string",
                "description_kind": "plain",
                "optional": true
              },
              "region": {
                "type": "string",
                "description_kind": "plain",
                "optional": true,
                "computed": true
              },
              "tags": {
                "type": [
                  "map",
                  "string"
                ],
                "description_kind": "plain",
                "optional": true
              },
              "website_domain": {
                "type": "string",
                "description_kind": "plain",
                "optional": true,
                "computed": true
              },
              "website_endpoint": {
                "type": "string",
                "description_kind": "plain",
                "optional": true,
                "computed": true
              }
            },
            "block_types": {
              "cors_rule": {
                "nesting_mode": "list",
                "block": {
                  "attributes": {
                    "allowed_headers": {
                      "type": [
                        "list",
                        "string"
                      ],
                      "description_kind": "plain",
                      "optional": true
                    },
                    "allowed_methods": {
                      "type": [
                        "list",
                        "string"
                      ],
                      "description_kind": "plain",
                      "required": true
                    },
                    "allowed_origins": {
                      "type": [
                        "list",
                        "string"
                      ],
                      "description_kind": "plain",
                      "required": true
                    },
                    "expose_headers": {
                      "type": [
                        "list",
                        "string"
                      ],
                      "description_kind": "plain",
                      "optional": true
                    },
                    "max_age_seconds": {
                      "type": "number",
                      "description_kind": "plain",
                      "optional": true
                    }
                  },
                  "description_kind": "plain"
                }
              },
              "lifecycle_rule": {
                "nesting_mode": "list",
                "block": {
                  "attributes": {
                    "abort_incomplete_multipart_upload_days": {
                      "type": "number",
                      "description_kind": "plain",
                      "optional": true
                    },
                    "enabled": {
                      "type": "bool",
                      "description_kind": "plain",
                      "required": true
                    },
                    "id": {
                      "type": "string",
                      "description_kind": "plain",
                      "optional": true,
                      "computed": true
                    },
                    "prefix": {
                      "type": "string",
                      "description_kind": "plain",
                      "optional": true
                    }
                  },
                  "block_types": {
                    "expiration": {
                      "nesting_mode": "set",
                      "block": {
                        "attributes": {
                          "date": {
                            "type": "string",
                            "description_kind": "plain",
                            "optional": true
                          },
                          "days": {
                            "type": "number",
                            "description_kind": "plain",
                            "optional": true
                          },
                          "expired_object_delete_marker": {
                            "type": "bool",
                            "description_kind": "plain",
                            "optional": true
                          }
                        },
                        "description_kind": "plain"
                      }
                    },
                    "noncurrent_version_expiration": {
                      "nesting_mode": "set",
                      "block": {
                        "attributes": {
                          "days": {
                            "type": "number",
                            "description_kind": "plain",
                            "optional": true
                          }
                        },
                        "description_kind": "plain"
                      }
                    }
                  },
                  "description_kind": "plain"
                }
              },
              "logging": {
                "nesting_mode": "set",
                "block": {
                  "attributes": {
                    "target_bucket": {
                      "type": "string",
                      "description_kind": "plain",
                      "required": true
                    },
                    "target_prefix": {
                      "type": "string",
                      "description_kind": "plain",
                      "optional": true
                    }
                  },
                  "description_kind": "plain"
                }
              },
              "versioning": {
                "nesting_mode": "list",
                "block": {
                  "attributes": {
                    "enabled": {
                      "type": "bool",
                      "description_kind": "plain",
                      "optional": true
                    },
                    "mfa_delete": {
                      "type": "bool",
                      "description_kind": "plain",
                      "optional": true
                    }
                  },
                  "description_kind": "plain"
                },
                "max_items": 1
              },
              "website": {
                "nesting_mode": "list",
                "block": {
                  "attributes": {
                    "error_document": {
                      "type": "string",
                      "description_kind": "plain",
                      "optional": true
                    },
                    "index_document": {
                      "type": "string",
                      "description_kind": "plain",
                      "optional": true
                    },
                    "redirect_all_requests_to": {
                      "type": "string",
                      "description_kind": "plain",
                      "optional": true
                    },
                    "routing_rules": {
                      "type": "string",
                      "description_kind": "plain",
                      "optional": true
                    }
                  },
                  "description_kind": "plain"
                },
                "max_items": 1
              }
            },
            "description_kind": "plain"
          }
        },
        "opentelekomcloud_s3_bucket_object": {
          "version": 0,
          "block": {
            "attributes": {
              "acl": {
                "type": "string",
                "description_kind": "plain",
                "optional": true
              },
              "bucket": {
                "type": "string",
                "description_kind": "plain",
                "required": true
              },
              "cache_control": {
                "type": "string",
                "description_kind": "plain",
                "optional": true
              },
              "content": {
                "type": "string",
                "description_kind": "plain",
                "optional": true
              },
              "content_disposition": {
                "type": "string",
                "description_kind": "plain",
                "optional": true
              },
              "content_encoding": {
                "type": "string",
                "description_kind": "plain",
                "optional": true
              },
              "content_language": {
                "type": "string",
                "description_kind": "plain",
                "optional": true
              },
              "content_type": {
                "type": "string",
                "description_kind": "plain",
                "optional": true,
                "computed": true
              },
              "etag": {
                "type": "string",
                "description_kind": "plain",
                "optional": true,
                "computed": true
              },
              "id": {
                "type": "string",
                "description_kind": "plain",
                "optional": true,
                "computed": true
              },
              "key": {
                "type": "string",
                "description_kind": "plain",
                "required": true
              },
              "server_side_encryption": {
                "type": "string",
                "description_kind": "plain",
                "optional": true,
                "computed": true
              },
              "source": {
                "type": "string",
                "description_kind": "plain",
                "optional": true
              },
              "sse_kms_key_id": {
                "type": "string",
                "description_kind": "plain",
                "optional": true,
                "computed": true
              },
              "version_id": {
                "type": "string",
                "description_kind": "plain",
                "computed": true
              },
              "website_redirect": {
                "type": "string",
                "description_kind": "plain",
                "optional": true
              }
            },
            "description_kind": "plain"
          }
        },
        "opentelekomcloud_s3_bucket_policy": {
          "version": 0,
          "block": {
            "attributes": {
              "bucket": {
                "type": "string",
                "description_kind": "plain",
                "required": true
              },
              "id": {
                "type": "string",
                "description_kind": "plain",
                "optional": true,
                "computed": true
              },
              "policy": {
                "type": "string",
                "description_kind": "plain",
                "required": true
              }
            },
            "description_kind": "plain"
          }
        },
        "opentelekomcloud_sdrs_protected_instance_v1": {
          "version": 0,
          "block": {
            "attributes": {
              "created_at": {
                "type": "string",
                "description_kind": "plain",
                "computed": true
              },
              "delete_target_eip": {
                "type": "bool",
                "description_kind": "plain",
                "optional": true
              },
              "delete_target_server": {
                "type": "bool",
                "description_kind": "plain",
                "optional": true
              },
              "description": {
                "type": "string",
                "description_kind": "plain",
                "optional": true
              },
              "group_id": {
                "type": "string",
                "description_kind": "plain",
                "required": true
              },
              "id": {
                "type": "string",
                "description_kind": "plain",
                "optional": true,
                "computed": true
              },
              "ip_address": {
                "type": "string",
                "description_kind": "plain",
                "optional": true
              },
              "name": {
                "type": "string",
                "description_kind": "plain",
                "required": true
              },
              "priority_station": {
                "type": "string",
                "description_kind": "plain",
                "computed": true
              },
              "server_id": {
                "type": "string",
                "description_kind": "plain",
                "required": true
              },
              "subnet_id": {
                "type": "string",
                "description_kind": "plain",
                "optional": true
              },
              "tags": {
                "type": [
                  "map",
                  "string"
                ],
                "description_kind": "plain",
                "optional": true
              },
              "target_id": {
                "type": "string",
                "description_kind": "plain",
                "computed": true
              },
              "updated_at": {
                "type": "string",
                "description_kind": "plain",
                "computed": true
              }
            },
            "block_types": {
              "timeouts": {
                "nesting_mode": "single",
                "block": {
                  "attributes": {
                    "create": {
                      "type": "string",
                      "description_kind": "plain",
                      "optional": true
                    },
                    "delete": {
                      "type": "string",
                      "description_kind": "plain",
                      "optional": true
                    }
                  },
                  "description_kind": "plain"
                }
              }
            },
            "description_kind": "plain"
          }
        },
        "opentelekomcloud_sdrs_protectiongroup_v1": {
          "version": 0,
          "block": {
            "attributes": {
              "description": {
                "type": "string",
                "description_kind": "plain",
                "optional": true
              },
              "domain_id": {
                "type": "string",
                "description_kind": "plain",
                "required": true
              },
              "dr_type": {
                "type": "string",
                "description_kind": "plain",
                "optional": true
              },
              "id": {
                "type": "string",
                "description_kind": "plain",
                "optional": true,
                "computed": true
              },
              "name": {
                "type": "string",
                "description_kind": "plain",
                "required": true
              },
              "source_availability_zone": {
                "type": "string",
                "description_kind": "plain",
                "required": true
              },
              "source_vpc_id": {
                "type": "string",
                "description_kind": "plain",
                "required": true
              },
              "target_availability_zone": {
                "type": "string",
                "description_kind": "plain",
                "required": true
              }
            },
            "block_types": {
              "timeouts": {
                "nesting_mode": "single",
                "block": {
                  "attributes": {
                    "create": {
                      "type": "string",
                      "description_kind": "plain",
                      "optional": true
                    },
                    "delete": {
                      "type": "string",
                      "description_kind": "plain",
                      "optional": true
                    }
                  },
                  "description_kind": "plain"
                }
              }
            },
            "description_kind": "plain"
          }
        },
        "opentelekomcloud_sfs_file_system_v2": {
          "version": 0,
          "block": {
            "attributes": {
              "access_level": {
                "type": "string",
                "description_kind": "plain",
                "deprecated": true,
                "optional": true
              },
              "access_rule_status": {
                "type": "string",
                "description_kind": "plain",
                "computed": true
              },
              "access_to": {
                "type": "string",
                "description_kind": "plain",
                "deprecated": true,
                "optional": true
              },
              "access_type": {
                "type": "string",
                "description_kind": "plain",
                "deprecated": true,
                "optional": true
              },
              "availability_zone": {
                "type": "string",
                "description_kind": "plain",
                "optional": true,
                "computed": true
              },
              "description": {
                "type": "string",
                "description_kind": "plain",
                "optional": true,
                "computed": true
              },
              "export_location": {
                "type": "string",
                "description_kind": "plain",
                "computed": true
              },
              "host": {
                "type": "string",
                "description_kind": "plain",
                "computed": true
              },
              "id": {
                "type": "string",
                "description_kind": "plain",
                "optional": true,
                "computed": true
              },
              "is_public": {
                "type": "bool",
                "description_kind": "plain",
                "optional": true
              },
              "metadata": {
                "type": [
                  "map",
                  "string"
                ],
                "description_kind": "plain",
                "optional": true
              },
              "name": {
                "type": "string",
                "description_kind": "plain",
                "optional": true
              },
              "region": {
                "type": "string",
                "description_kind": "plain",
                "optional": true,
                "computed": true
              },
              "share_access_id": {
                "type": "string",
                "description_kind": "plain",
                "computed": true
              },
              "share_proto": {
                "type": "string",
                "description_kind": "plain",
                "optional": true
              },
              "share_type": {
                "type": "string",
                "description_kind": "plain",
                "computed": true
              },
              "size": {
                "type": "number",
                "description_kind": "plain",
                "required": true
              },
              "status": {
                "type": "string",
                "description_kind": "plain",
                "computed": true
              },
              "tags": {
                "type": [
                  "map",
                  "string"
                ],
                "description_kind": "plain",
                "optional": true
              },
              "volume_type": {
                "type": "string",
                "description_kind": "plain",
                "computed": true
              }
            },
            "block_types": {
              "timeouts": {
                "nesting_mode": "single",
                "block": {
                  "attributes": {
                    "create": {
                      "type": "string",
                      "description_kind": "plain",
                      "optional": true
                    },
                    "delete": {
                      "type": "string",
                      "description_kind": "plain",
                      "optional": true
                    }
                  },
                  "description_kind": "plain"
                }
              }
            },
            "description_kind": "plain"
          }
        },
        "opentelekomcloud_sfs_share_access_rules_v2": {
          "version": 0,
          "block": {
            "attributes": {
              "id": {
                "type": "string",
                "description_kind": "plain",
                "optional": true,
                "computed": true
              },
              "share_id": {
                "type": "string",
                "description_kind": "plain",
                "required": true
              }
            },
            "block_types": {
              "access_rule": {
                "nesting_mode": "list",
                "block": {
                  "attributes": {
                    "access_level": {
                      "type": "string",
                      "description_kind": "plain",
                      "required": true
                    },
                    "access_rule_status": {
                      "type": "string",
                      "description_kind": "plain",
                      "computed": true
                    },
                    "access_to": {
                      "type": "string",
                      "description_kind": "plain",
                      "required": true
                    },
                    "access_type": {
                      "type": "string",
                      "description_kind": "plain",
                      "optional": true
                    },
                    "share_access_id": {
                      "type": "string",
                      "description_kind": "plain",
                      "computed": true
                    }
                  },
                  "description_kind": "plain"
                },
                "min_items": 1,
                "max_items": 20
              }
            },
            "description_kind": "plain"
          }
        },
        "opentelekomcloud_sfs_turbo_share_v1": {
          "version": 0,
          "block": {
            "attributes": {
              "availability_zone": {
                "type": "string",
                "description_kind": "plain",
                "required": true
              },
              "available_capacity": {
                "type": "string",
                "description_kind": "plain",
                "computed": true
              },
              "crypt_key_id": {
                "type": "string",
                "description_kind": "plain",
                "optional": true
              },
              "export_location": {
                "type": "string",
                "description_kind": "plain",
                "computed": true
              },
              "id": {
                "type": "string",
                "description_kind": "plain",
                "optional": true,
                "computed": true
              },
              "name": {
                "type": "string",
                "description_kind": "plain",
                "required": true
              },
              "region": {
                "type": "string",
                "description_kind": "plain",
                "optional": true,
                "computed": true
              },
              "security_group_id": {
                "type": "string",
                "description_kind": "plain",
                "required": true
              },
              "share_proto": {
                "type": "string",
                "description_kind": "plain",
                "optional": true
              },
              "share_type": {
                "type": "string",
                "description_kind": "plain",
                "optional": true
              },
              "size": {
                "type": "number",
                "description_kind": "plain",
                "required": true
              },
              "subnet_id": {
                "type": "string",
                "description_kind": "plain",
                "required": true
              },
              "version": {
                "type": "string",
                "description_kind": "plain",
                "computed": true
              },
              "vpc_id": {
                "type": "string",
                "description_kind": "plain",
                "required": true
              }
            },
            "block_types": {
              "timeouts": {
                "nesting_mode": "single",
                "block": {
                  "attributes": {
                    "create": {
                      "type": "string",
                      "description_kind": "plain",
                      "optional": true
                    },
                    "delete": {
                      "type": "string",
                      "description_kind": "plain",
                      "optional": true
                    }
                  },
                  "description_kind": "plain"
                }
              }
            },
            "description_kind": "plain"
          }
        },
        "opentelekomcloud_smn_subscription_v2": {
          "version": 0,
          "block": {
            "attributes": {
              "endpoint": {
                "type": "string",
                "description_kind": "plain",
                "required": true
              },
              "id": {
                "type": "string",
                "description_kind": "plain",
                "optional": true,
                "computed": true
              },
              "owner": {
                "type": "string",
                "description_kind": "plain",
                "computed": true
              },
              "project_name": {
                "type": "string",
                "description_kind": "plain",
                "optional": true,
                "computed": true
              },
              "protocol": {
                "type": "string",
                "description_kind": "plain",
                "required": true
              },
              "remark": {
                "type": "string",
                "description_kind": "plain",
                "optional": true
              },
              "status": {
                "type": "number",
                "description_kind": "plain",
                "computed": true
              },
              "subscription_urn": {
                "type": "string",
                "description_kind": "plain",
                "computed": true
              },
              "topic_urn": {
                "type": "string",
                "description_kind": "plain",
                "required": true
              }
            },
            "description_kind": "plain"
          }
        },
        "opentelekomcloud_smn_topic_attribute_v2": {
          "version": 0,
          "block": {
            "attributes": {
              "attribute_name": {
                "type": "string",
                "description_kind": "plain",
                "required": true
              },
              "id": {
                "type": "string",
                "description_kind": "plain",
                "optional": true,
                "computed": true
              },
              "topic_attribute": {
                "type": "string",
                "description_kind": "plain",
                "required": true
              },
              "topic_urn": {
                "type": "string",
                "description_kind": "plain",
                "required": true
              }
            },
            "description_kind": "plain"
          }
        },
        "opentelekomcloud_smn_topic_v2": {
          "version": 0,
          "block": {
            "attributes": {
              "create_time": {
                "type": "string",
                "description_kind": "plain",
                "computed": true
              },
              "display_name": {
                "type": "string",
                "description_kind": "plain",
                "optional": true
              },
              "id": {
                "type": "string",
                "description_kind": "plain",
                "optional": true,
                "computed": true
              },
              "name": {
                "type": "string",
                "description_kind": "plain",
                "required": true
              },
              "project_name": {
                "type": "string",
                "description_kind": "plain",
                "optional": true,
                "computed": true
              },
              "push_policy": {
                "type": "number",
                "description_kind": "plain",
                "computed": true
              },
              "topic_urn": {
                "type": "string",
                "description_kind": "plain",
                "computed": true
              },
              "update_time": {
                "type": "string",
                "description_kind": "plain",
                "computed": true
              }
            },
            "description_kind": "plain"
          }
        },
        "opentelekomcloud_swr_domain_v2": {
          "version": 0,
          "block": {
            "attributes": {
              "access_domain": {
                "type": "string",
                "description_kind": "plain",
                "required": true
              },
              "created": {
                "type": "string",
                "description_kind": "plain",
                "computed": true
              },
              "creator_id": {
                "type": "string",
                "description_kind": "plain",
                "computed": true
              },
              "creator_name": {
                "type": "string",
                "description_kind": "plain",
                "computed": true
              },
              "deadline": {
                "type": "string",
                "description_kind": "plain",
                "required": true
              },
              "description": {
                "type": "string",
                "description_kind": "plain",
                "optional": true
              },
              "id": {
                "type": "string",
                "description_kind": "plain",
                "optional": true,
                "computed": true
              },
              "organization": {
                "type": "string",
                "description_kind": "plain",
                "required": true
              },
              "permission": {
                "type": "string",
                "description_kind": "plain",
                "required": true
              },
              "repository": {
                "type": "string",
                "description_kind": "plain",
                "required": true
              },
              "status": {
                "type": "bool",
                "description_kind": "plain",
                "computed": true
              },
              "updated": {
                "type": "string",
                "description_kind": "plain",
                "computed": true
              }
            },
            "block_types": {
              "timeouts": {
                "nesting_mode": "single",
                "block": {
                  "attributes": {
                    "default": {
                      "type": "string",
                      "description_kind": "plain",
                      "optional": true
                    }
                  },
                  "description_kind": "plain"
                }
              }
            },
            "description_kind": "plain"
          }
        },
        "opentelekomcloud_swr_organization_permissions_v2": {
          "version": 0,
          "block": {
            "attributes": {
              "auth": {
                "type": "number",
                "description_kind": "plain",
                "required": true
              },
              "id": {
                "type": "string",
                "description_kind": "plain",
                "optional": true,
                "computed": true
              },
              "organization": {
                "type": "string",
                "description_kind": "plain",
                "required": true
              },
              "user_id": {
                "type": "string",
                "description_kind": "plain",
                "required": true
              },
              "username": {
                "type": "string",
                "description_kind": "plain",
                "required": true
              }
            },
            "block_types": {
              "timeouts": {
                "nesting_mode": "single",
                "block": {
                  "attributes": {
                    "default": {
                      "type": "string",
                      "description_kind": "plain",
                      "optional": true
                    }
                  },
                  "description_kind": "plain"
                }
              }
            },
            "description_kind": "plain"
          }
        },
        "opentelekomcloud_swr_organization_v2": {
          "version": 0,
          "block": {
            "attributes": {
              "auth": {
                "type": "number",
                "description_kind": "plain",
                "computed": true
              },
              "creator_name": {
                "type": "string",
                "description_kind": "plain",
                "computed": true
              },
              "id": {
                "type": "string",
                "description_kind": "plain",
                "optional": true,
                "computed": true
              },
              "name": {
                "type": "string",
                "description_kind": "plain",
                "required": true
              },
              "organization_id": {
                "type": "number",
                "description_kind": "plain",
                "computed": true
              }
            },
            "block_types": {
              "timeouts": {
                "nesting_mode": "single",
                "block": {
                  "attributes": {
                    "create": {
                      "type": "string",
                      "description_kind": "plain",
                      "optional": true
                    },
                    "delete": {
                      "type": "string",
                      "description_kind": "plain",
                      "optional": true
                    }
                  },
                  "description_kind": "plain"
                }
              }
            },
            "description_kind": "plain"
          }
        },
        "opentelekomcloud_swr_repository_v2": {
          "version": 0,
          "block": {
            "attributes": {
              "category": {
                "type": "string",
                "description_kind": "plain",
                "optional": true
              },
              "description": {
                "type": "string",
                "description_kind": "plain",
                "optional": true
              },
              "id": {
                "type": "string",
                "description_kind": "plain",
                "optional": true,
                "computed": true
              },
              "internal_path": {
                "type": "string",
                "description_kind": "plain",
                "computed": true
              },
              "is_public": {
                "type": "bool",
                "description_kind": "plain",
                "required": true
              },
              "name": {
                "type": "string",
                "description_kind": "plain",
                "required": true
              },
              "num_images": {
                "type": "number",
                "description_kind": "plain",
                "computed": true
              },
              "organization": {
                "type": "string",
                "description_kind": "plain",
                "required": true
              },
              "path": {
                "type": "string",
                "description_kind": "plain",
                "computed": true
              },
              "repository_id": {
                "type": "number",
                "description_kind": "plain",
                "computed": true
              },
              "size": {
                "type": "number",
                "description_kind": "plain",
                "computed": true
              }
            },
            "block_types": {
              "timeouts": {
                "nesting_mode": "single",
                "block": {
                  "attributes": {
                    "default": {
                      "type": "string",
                      "description_kind": "plain",
                      "optional": true
                    }
                  },
                  "description_kind": "plain"
                }
              }
            },
            "description_kind": "plain"
          }
        },
        "opentelekomcloud_vbs_backup_policy_v2": {
          "version": 0,
          "block": {
            "attributes": {
              "frequency": {
                "type": "number",
                "description_kind": "plain",
                "optional": true
              },
              "id": {
                "type": "string",
                "description_kind": "plain",
                "optional": true,
                "computed": true
              },
              "name": {
                "type": "string",
                "description_kind": "plain",
                "required": true
              },
              "policy_resource_count": {
                "type": "number",
                "description_kind": "plain",
                "computed": true
              },
              "region": {
                "type": "string",
                "description_kind": "plain",
                "optional": true,
                "computed": true
              },
              "rentention_day": {
                "type": "number",
                "description_kind": "plain",
                "optional": true
              },
              "rentention_num": {
                "type": "number",
                "description_kind": "plain",
                "optional": true
              },
              "resources": {
                "type": [
                  "list",
                  "string"
                ],
                "description_kind": "plain",
                "optional": true
              },
              "retain_first_backup": {
                "type": "string",
                "description_kind": "plain",
                "required": true
              },
              "start_time": {
                "type": "string",
                "description_kind": "plain",
                "required": true
              },
              "status": {
                "type": "string",
                "description_kind": "plain",
                "optional": true
              },
              "week_frequency": {
                "type": [
                  "list",
                  "string"
                ],
                "description_kind": "plain",
                "optional": true
              }
            },
            "block_types": {
              "tags": {
                "nesting_mode": "set",
                "block": {
                  "attributes": {
                    "key": {
                      "type": "string",
                      "description_kind": "plain",
                      "required": true
                    },
                    "value": {
                      "type": "string",
                      "description_kind": "plain",
                      "required": true
                    }
                  },
                  "description_kind": "plain"
                }
              },
              "timeouts": {
                "nesting_mode": "single",
                "block": {
                  "attributes": {
                    "create": {
                      "type": "string",
                      "description_kind": "plain",
                      "optional": true
                    },
                    "delete": {
                      "type": "string",
                      "description_kind": "plain",
                      "optional": true
                    }
                  },
                  "description_kind": "plain"
                }
              }
            },
            "description_kind": "plain"
          }
        },
        "opentelekomcloud_vbs_backup_share_v2": {
          "version": 0,
          "block": {
            "attributes": {
              "availability_zone": {
                "type": "string",
                "description_kind": "plain",
                "computed": true
              },
              "backup_id": {
                "type": "string",
                "description_kind": "plain",
                "required": true
              },
              "backup_name": {
                "type": "string",
                "description_kind": "plain",
                "computed": true
              },
              "backup_status": {
                "type": "string",
                "description_kind": "plain",
                "computed": true
              },
              "container": {
                "type": "string",
                "description_kind": "plain",
                "computed": true
              },
              "description": {
                "type": "string",
                "description_kind": "plain",
                "computed": true
              },
              "id": {
                "type": "string",
                "description_kind": "plain",
                "optional": true,
                "computed": true
              },
              "region": {
                "type": "string",
                "description_kind": "plain",
                "optional": true,
                "computed": true
              },
              "service_metadata": {
                "type": "string",
                "description_kind": "plain",
                "computed": true
              },
              "share_ids": {
                "type": [
                  "set",
                  "string"
                ],
                "description_kind": "plain",
                "computed": true
              },
              "size": {
                "type": "number",
                "description_kind": "plain",
                "computed": true
              },
              "snapshot_id": {
                "type": "string",
                "description_kind": "plain",
                "computed": true
              },
              "to_project_ids": {
                "type": [
                  "set",
                  "string"
                ],
                "description_kind": "plain",
                "required": true
              },
              "volume_id": {
                "type": "string",
                "description_kind": "plain",
                "computed": true
              }
            },
            "block_types": {
              "timeouts": {
                "nesting_mode": "single",
                "block": {
                  "attributes": {
                    "create": {
                      "type": "string",
                      "description_kind": "plain",
                      "optional": true
                    },
                    "delete": {
                      "type": "string",
                      "description_kind": "plain",
                      "optional": true
                    }
                  },
                  "description_kind": "plain"
                }
              }
            },
            "description_kind": "plain"
          }
        },
        "opentelekomcloud_vbs_backup_v2": {
          "version": 0,
          "block": {
            "attributes": {
              "availability_zone": {
                "type": "string",
                "description_kind": "plain",
                "computed": true
              },
              "container": {
                "type": "string",
                "description_kind": "plain",
                "computed": true
              },
              "description": {
                "type": "string",
                "description_kind": "plain",
                "optional": true
              },
              "id": {
                "type": "string",
                "description_kind": "plain",
                "optional": true,
                "computed": true
              },
              "name": {
                "type": "string",
                "description_kind": "plain",
                "required": true
              },
              "region": {
                "type": "string",
                "description_kind": "plain",
                "optional": true,
                "computed": true
              },
              "service_metadata": {
                "type": "string",
                "description_kind": "plain",
                "computed": true
              },
              "size": {
                "type": "number",
                "description_kind": "plain",
                "computed": true
              },
              "snapshot_id": {
                "type": "string",
                "description_kind": "plain",
                "optional": true,
                "computed": true
              },
              "status": {
                "type": "string",
                "description_kind": "plain",
                "computed": true
              },
              "volume_id": {
                "type": "string",
                "description_kind": "plain",
                "required": true
              }
            },
            "block_types": {
              "tags": {
                "nesting_mode": "set",
                "block": {
                  "attributes": {
                    "key": {
                      "type": "string",
                      "description_kind": "plain",
                      "required": true
                    },
                    "value": {
                      "type": "string",
                      "description_kind": "plain",
                      "required": true
                    }
                  },
                  "description_kind": "plain"
                }
              },
              "timeouts": {
                "nesting_mode": "single",
                "block": {
                  "attributes": {
                    "create": {
                      "type": "string",
                      "description_kind": "plain",
                      "optional": true
                    },
                    "delete": {
                      "type": "string",
                      "description_kind": "plain",
                      "optional": true
                    }
                  },
                  "description_kind": "plain"
                }
              }
            },
            "description_kind": "plain"
          }
        },
        "opentelekomcloud_vpc_bandwidth_associate_v2": {
          "version": 0,
          "block": {
            "attributes": {
              "backup_charge_mode": {
                "type": "string",
                "description_kind": "plain",
                "optional": true
              },
              "backup_size": {
                "type": "number",
                "description_kind": "plain",
                "optional": true
              },
              "bandwidth": {
                "type": "string",
                "description_kind": "plain",
                "required": true
              },
              "floating_ips": {
                "type": [
                  "set",
                  "string"
                ],
                "description_kind": "plain",
                "required": true
              },
              "id": {
                "type": "string",
                "description_kind": "plain",
                "optional": true,
                "computed": true
              }
            },
            "description_kind": "plain"
          }
        },
        "opentelekomcloud_vpc_bandwidth_v2": {
          "version": 0,
          "block": {
            "attributes": {
              "id": {
                "type": "string",
                "description_kind": "plain",
                "optional": true,
                "computed": true
              },
              "name": {
                "type": "string",
                "description_kind": "plain",
                "required": true
              },
              "size": {
                "type": "number",
                "description_kind": "plain",
                "required": true
              },
              "status": {
                "type": "string",
                "description_kind": "plain",
                "computed": true
              }
            },
            "description_kind": "plain"
          }
        },
        "opentelekomcloud_vpc_eip_v1": {
          "version": 0,
          "block": {
            "attributes": {
              "id": {
                "type": "string",
                "description_kind": "plain",
                "optional": true,
                "computed": true
              },
              "region": {
                "type": "string",
                "description_kind": "plain",
                "optional": true,
                "computed": true
              },
              "tags": {
                "type": [
                  "map",
                  "string"
                ],
                "description_kind": "plain",
                "optional": true
              },
              "unbind_port": {
                "type": "bool",
                "description_kind": "plain",
                "optional": true
              },
              "value_specs": {
                "type": [
                  "map",
                  "string"
                ],
                "description_kind": "plain",
                "optional": true
              }
            },
            "block_types": {
              "bandwidth": {
                "nesting_mode": "list",
                "block": {
                  "attributes": {
                    "charge_mode": {
                      "type": "string",
                      "description_kind": "plain",
                      "optional": true,
                      "computed": true
                    },
                    "name": {
                      "type": "string",
                      "description_kind": "plain",
                      "required": true
                    },
                    "share_type": {
                      "type": "string",
                      "description_kind": "plain",
                      "required": true
                    },
                    "size": {
                      "type": "number",
                      "description_kind": "plain",
                      "required": true
                    }
                  },
                  "description_kind": "plain"
                },
                "min_items": 1,
                "max_items": 1
              },
              "publicip": {
                "nesting_mode": "list",
                "block": {
                  "attributes": {
                    "ip_address": {
                      "type": "string",
                      "description_kind": "plain",
                      "optional": true,
                      "computed": true
                    },
                    "port_id": {
                      "type": "string",
                      "description_kind": "plain",
                      "optional": true,
                      "computed": true
                    },
                    "type": {
                      "type": "string",
                      "description_kind": "plain",
                      "required": true
                    }
                  },
                  "description_kind": "plain"
                },
                "min_items": 1,
                "max_items": 1
              },
              "timeouts": {
                "nesting_mode": "single",
                "block": {
                  "attributes": {
                    "create": {
                      "type": "string",
                      "description_kind": "plain",
                      "optional": true
                    },
                    "delete": {
                      "type": "string",
                      "description_kind": "plain",
                      "optional": true
                    }
                  },
                  "description_kind": "plain"
                }
              }
            },
            "description_kind": "plain"
          }
        },
        "opentelekomcloud_vpc_flow_log_v1": {
          "version": 0,
          "block": {
            "attributes": {
              "admin_state": {
                "type": "bool",
                "description_kind": "plain",
                "optional": true,
                "computed": true
              },
              "description": {
                "type": "string",
                "description_kind": "plain",
                "optional": true
              },
              "id": {
                "type": "string",
                "description_kind": "plain",
                "optional": true,
                "computed": true
              },
              "log_group_id": {
                "type": "string",
                "description_kind": "plain",
                "required": true
              },
              "log_topic_id": {
                "type": "string",
                "description_kind": "plain",
                "required": true
              },
              "name": {
                "type": "string",
                "description_kind": "plain",
                "optional": true
              },
              "resource_id": {
                "type": "string",
                "description_kind": "plain",
                "required": true
              },
              "resource_type": {
                "type": "string",
                "description_kind": "plain",
                "required": true
              },
              "status": {
                "type": "string",
                "description_kind": "plain",
                "optional": true,
                "computed": true
              },
              "traffic_type": {
                "type": "string",
                "description_kind": "plain",
                "required": true
              }
            },
            "block_types": {
              "timeouts": {
                "nesting_mode": "single",
                "block": {
                  "attributes": {
                    "create": {
                      "type": "string",
                      "description_kind": "plain",
                      "optional": true
                    },
                    "delete": {
                      "type": "string",
                      "description_kind": "plain",
                      "optional": true
                    }
                  },
                  "description_kind": "plain"
                }
              }
            },
            "description_kind": "plain"
          }
        },
        "opentelekomcloud_vpc_peering_connection_accepter_v2": {
          "version": 0,
          "block": {
            "attributes": {
              "accept": {
                "type": "bool",
                "description_kind": "plain",
                "optional": true
              },
              "id": {
                "type": "string",
                "description_kind": "plain",
                "optional": true,
                "computed": true
              },
              "name": {
                "type": "string",
                "description_kind": "plain",
                "computed": true
              },
              "peer_tenant_id": {
                "type": "string",
                "description_kind": "plain",
                "computed": true
              },
              "peer_vpc_id": {
                "type": "string",
                "description_kind": "plain",
                "computed": true
              },
              "region": {
                "type": "string",
                "description_kind": "plain",
                "optional": true,
                "computed": true
              },
              "status": {
                "type": "string",
                "description_kind": "plain",
                "computed": true
              },
              "vpc_id": {
                "type": "string",
                "description_kind": "plain",
                "computed": true
              },
              "vpc_peering_connection_id": {
                "type": "string",
                "description_kind": "plain",
                "required": true
              }
            },
            "block_types": {
              "timeouts": {
                "nesting_mode": "single",
                "block": {
                  "attributes": {
                    "create": {
                      "type": "string",
                      "description_kind": "plain",
                      "optional": true
                    },
                    "delete": {
                      "type": "string",
                      "description_kind": "plain",
                      "optional": true
                    }
                  },
                  "description_kind": "plain"
                }
              }
            },
            "description_kind": "plain"
          }
        },
        "opentelekomcloud_vpc_peering_connection_v2": {
          "version": 0,
          "block": {
            "attributes": {
              "id": {
                "type": "string",
                "description_kind": "plain",
                "optional": true,
                "computed": true
              },
              "name": {
                "type": "string",
                "description_kind": "plain",
                "required": true
              },
              "peer_tenant_id": {
                "type": "string",
                "description_kind": "plain",
                "optional": true,
                "computed": true
              },
              "peer_vpc_id": {
                "type": "string",
                "description_kind": "plain",
                "required": true
              },
              "region": {
                "type": "string",
                "description_kind": "plain",
                "optional": true,
                "computed": true
              },
              "status": {
                "type": "string",
                "description_kind": "plain",
                "computed": true
              },
              "vpc_id": {
                "type": "string",
                "description_kind": "plain",
                "required": true
              }
            },
            "block_types": {
              "timeouts": {
                "nesting_mode": "single",
                "block": {
                  "attributes": {
                    "create": {
                      "type": "string",
                      "description_kind": "plain",
                      "optional": true
                    },
                    "delete": {
                      "type": "string",
                      "description_kind": "plain",
                      "optional": true
                    }
                  },
                  "description_kind": "plain"
                }
              }
            },
            "description_kind": "plain"
          }
        },
        "opentelekomcloud_vpc_route_v2": {
          "version": 0,
          "block": {
            "attributes": {
              "destination": {
                "type": "string",
                "description_kind": "plain",
                "required": true
              },
              "id": {
                "type": "string",
                "description_kind": "plain",
                "optional": true,
                "computed": true
              },
              "nexthop": {
                "type": "string",
                "description_kind": "plain",
                "required": true
              },
              "region": {
                "type": "string",
                "description_kind": "plain",
                "optional": true,
                "computed": true
              },
              "tenant_id": {
                "type": "string",
                "description_kind": "plain",
                "optional": true,
                "computed": true
              },
              "type": {
                "type": "string",
                "description_kind": "plain",
                "required": true
              },
              "vpc_id": {
                "type": "string",
                "description_kind": "plain",
                "required": true
              }
            },
            "block_types": {
              "timeouts": {
                "nesting_mode": "single",
                "block": {
                  "attributes": {
                    "create": {
                      "type": "string",
                      "description_kind": "plain",
                      "optional": true
                    },
                    "delete": {
                      "type": "string",
                      "description_kind": "plain",
                      "optional": true
                    }
                  },
                  "description_kind": "plain"
                }
              }
            },
            "description_kind": "plain"
          }
        },
        "opentelekomcloud_vpc_subnet_v1": {
          "version": 0,
          "block": {
            "attributes": {
              "availability_zone": {
                "type": "string",
                "description_kind": "plain",
                "optional": true,
                "computed": true
              },
              "cidr": {
                "type": "string",
                "description_kind": "plain",
                "required": true
              },
              "description": {
                "type": "string",
                "description_kind": "plain",
                "optional": true
              },
              "dhcp_enable": {
                "type": "bool",
                "description_kind": "plain",
                "optional": true
              },
              "dns_list": {
                "type": [
                  "list",
                  "string"
                ],
                "description_kind": "plain",
                "optional": true,
                "computed": true
              },
              "gateway_ip": {
                "type": "string",
                "description_kind": "plain",
                "required": true
              },
              "id": {
                "type": "string",
                "description_kind": "plain",
                "optional": true,
                "computed": true
              },
              "name": {
                "type": "string",
                "description_kind": "plain",
                "required": true
              },
              "network_id": {
                "type": "string",
                "description_kind": "plain",
                "computed": true
              },
              "ntp_addresses": {
                "type": "string",
                "description_kind": "plain",
                "optional": true
              },
              "primary_dns": {
                "type": "string",
                "description_kind": "plain",
                "optional": true,
                "computed": true
              },
              "region": {
                "type": "string",
                "description_kind": "plain",
                "optional": true,
                "computed": true
              },
              "secondary_dns": {
                "type": "string",
                "description_kind": "plain",
                "optional": true,
                "computed": true
              },
              "status": {
                "type": "string",
                "description_kind": "plain",
                "computed": true
              },
              "subnet_id": {
                "type": "string",
                "description_kind": "plain",
                "computed": true
              },
              "tags": {
                "type": [
                  "map",
                  "string"
                ],
                "description_kind": "plain",
                "optional": true
              },
              "vpc_id": {
                "type": "string",
                "description_kind": "plain",
                "required": true
              }
            },
            "block_types": {
              "timeouts": {
                "nesting_mode": "single",
                "block": {
                  "attributes": {
                    "create": {
                      "type": "string",
                      "description_kind": "plain",
                      "optional": true
                    },
                    "delete": {
                      "type": "string",
                      "description_kind": "plain",
                      "optional": true
                    }
                  },
                  "description_kind": "plain"
                }
              }
            },
            "description_kind": "plain"
          }
        },
        "opentelekomcloud_vpc_v1": {
          "version": 0,
          "block": {
            "attributes": {
              "cidr": {
                "type": "string",
                "description_kind": "plain",
                "required": true
              },
              "description": {
                "type": "string",
                "description_kind": "plain",
                "optional": true
              },
              "id": {
                "type": "string",
                "description_kind": "plain",
                "optional": true,
                "computed": true
              },
              "name": {
                "type": "string",
                "description_kind": "plain",
                "required": true
              },
              "region": {
                "type": "string",
                "description_kind": "plain",
                "optional": true,
                "computed": true
              },
              "shared": {
                "type": "bool",
                "description_kind": "plain",
                "optional": true,
                "computed": true
              },
              "status": {
                "type": "string",
                "description_kind": "plain",
                "computed": true
              },
              "tags": {
                "type": [
                  "map",
                  "string"
                ],
                "description_kind": "plain",
                "optional": true
              }
            },
            "block_types": {
              "timeouts": {
                "nesting_mode": "single",
                "block": {
                  "attributes": {
                    "create": {
                      "type": "string",
                      "description_kind": "plain",
                      "optional": true
                    },
                    "delete": {
                      "type": "string",
                      "description_kind": "plain",
                      "optional": true
                    }
                  },
                  "description_kind": "plain"
                }
              }
            },
            "description_kind": "plain"
          }
        },
        "opentelekomcloud_vpcep_endpoint_v1": {
          "version": 0,
          "block": {
            "attributes": {
              "dns_names": {
                "type": [
                  "set",
                  "string"
                ],
                "description_kind": "plain",
                "computed": true
              },
              "enable_dns": {
                "type": "bool",
                "description_kind": "plain",
                "optional": true,
                "computed": true
              },
              "enable_whitelist": {
                "type": "bool",
                "description_kind": "plain",
                "optional": true,
                "computed": true
              },
              "id": {
                "type": "string",
                "description_kind": "plain",
                "optional": true,
                "computed": true
              },
              "marker_id": {
                "type": "number",
                "description_kind": "plain",
                "computed": true
              },
              "port_ip": {
                "type": "string",
                "description_kind": "plain",
                "optional": true,
                "computed": true
              },
              "project_id": {
                "type": "string",
                "description_kind": "plain",
                "computed": true
              },
              "route_tables": {
                "type": [
                  "set",
                  "string"
                ],
                "description_kind": "plain",
                "optional": true,
                "computed": true
              },
              "service_id": {
                "type": "string",
                "description_kind": "plain",
                "required": true
              },
              "service_name": {
                "type": "string",
                "description_kind": "plain",
                "computed": true
              },
              "service_type": {
                "type": "string",
                "description_kind": "plain",
                "computed": true
              },
              "subnet_id": {
                "type": "string",
                "description_kind": "plain",
                "optional": true,
                "computed": true
              },
              "tags": {
                "type": [
                  "map",
                  "string"
                ],
                "description_kind": "plain",
                "optional": true,
                "computed": true
              },
              "vpc_id": {
                "type": "string",
                "description_kind": "plain",
                "required": true
              },
              "whitelist": {
                "type": [
                  "set",
                  "string"
                ],
                "description_kind": "plain",
                "optional": true,
                "computed": true
              }
            },
            "block_types": {
              "timeouts": {
                "nesting_mode": "single",
                "block": {
                  "attributes": {
                    "default": {
                      "type": "string",
                      "description_kind": "plain",
                      "optional": true
                    }
                  },
                  "description_kind": "plain"
                }
              }
            },
            "description_kind": "plain"
          }
        },
        "opentelekomcloud_vpcep_service_v1": {
          "version": 0,
          "block": {
            "attributes": {
              "approval_enabled": {
                "type": "bool",
                "description_kind": "plain",
                "optional": true
              },
              "id": {
                "type": "string",
                "description_kind": "plain",
                "optional": true,
                "computed": true
              },
              "name": {
                "type": "string",
                "description_kind": "plain",
                "optional": true,
                "computed": true
              },
              "pool_id": {
                "type": "string",
                "description_kind": "plain",
                "optional": true,
                "computed": true
              },
              "port_id": {
                "type": "string",
                "description_kind": "plain",
                "required": true
              },
              "server_type": {
                "type": "string",
                "description_kind": "plain",
                "required": true
              },
              "service_type": {
                "type": "string",
                "description_kind": "plain",
                "optional": true,
                "computed": true
              },
              "tags": {
                "type": [
                  "map",
                  "string"
                ],
                "description_kind": "plain",
                "optional": true,
                "computed": true
              },
              "tcp_proxy": {
                "type": "string",
                "description_kind": "plain",
                "optional": true,
                "computed": true
              },
              "vip_port_id": {
                "type": "string",
                "description_kind": "plain",
                "optional": true,
                "computed": true
              },
              "vpc_id": {
                "type": "string",
                "description_kind": "plain",
                "required": true
              }
            },
            "block_types": {
              "port": {
                "nesting_mode": "set",
                "block": {
                  "attributes": {
                    "client_port": {
                      "type": "number",
                      "description_kind": "plain",
                      "required": true
                    },
                    "protocol": {
                      "type": "string",
                      "description_kind": "plain",
                      "optional": true
                    },
                    "server_port": {
                      "type": "number",
                      "description_kind": "plain",
                      "required": true
                    }
                  },
                  "description_kind": "plain"
                },
                "min_items": 1,
                "max_items": 200
              },
              "timeouts": {
                "nesting_mode": "single",
                "block": {
                  "attributes": {
                    "default": {
                      "type": "string",
                      "description_kind": "plain",
                      "optional": true
                    }
                  },
                  "description_kind": "plain"
                }
              }
            },
            "description_kind": "plain"
          }
        },
        "opentelekomcloud_vpnaas_endpoint_group_v2": {
          "version": 0,
          "block": {
            "attributes": {
              "description": {
                "type": "string",
                "description_kind": "plain",
                "optional": true
              },
              "endpoints": {
                "type": [
                  "list",
                  "string"
                ],
                "description_kind": "plain",
                "optional": true
              },
              "id": {
                "type": "string",
                "description_kind": "plain",
                "optional": true,
                "computed": true
              },
              "name": {
                "type": "string",
                "description_kind": "plain",
                "optional": true
              },
              "region": {
                "type": "string",
                "description_kind": "plain",
                "optional": true,
                "computed": true
              },
              "tenant_id": {
                "type": "string",
                "description_kind": "plain",
                "optional": true,
                "computed": true
              },
              "type": {
                "type": "string",
                "description_kind": "plain",
                "optional": true,
                "computed": true
              },
              "value_specs": {
                "type": [
                  "map",
                  "string"
                ],
                "description_kind": "plain",
                "optional": true
              }
            },
            "block_types": {
              "timeouts": {
                "nesting_mode": "single",
                "block": {
                  "attributes": {
                    "create": {
                      "type": "string",
                      "description_kind": "plain",
                      "optional": true
                    },
                    "delete": {
                      "type": "string",
                      "description_kind": "plain",
                      "optional": true
                    },
                    "update": {
                      "type": "string",
                      "description_kind": "plain",
                      "optional": true
                    }
                  },
                  "description_kind": "plain"
                }
              }
            },
            "description_kind": "plain"
          }
        },
        "opentelekomcloud_vpnaas_ike_policy_v2": {
          "version": 0,
          "block": {
            "attributes": {
              "auth_algorithm": {
                "type": "string",
                "description_kind": "plain",
                "optional": true
              },
              "description": {
                "type": "string",
                "description_kind": "plain",
                "optional": true
              },
              "encryption_algorithm": {
                "type": "string",
                "description_kind": "plain",
                "optional": true
              },
              "id": {
                "type": "string",
                "description_kind": "plain",
                "optional": true,
                "computed": true
              },
              "ike_version": {
                "type": "string",
                "description_kind": "plain",
                "optional": true
              },
              "name": {
                "type": "string",
                "description_kind": "plain",
                "optional": true
              },
              "pfs": {
                "type": "string",
                "description_kind": "plain",
                "optional": true
              },
              "phase1_negotiation_mode": {
                "type": "string",
                "description_kind": "plain",
                "optional": true
              },
              "region": {
                "type": "string",
                "description_kind": "plain",
                "optional": true,
                "computed": true
              },
              "tenant_id": {
                "type": "string",
                "description_kind": "plain",
                "optional": true,
                "computed": true
              },
              "value_specs": {
                "type": [
                  "map",
                  "string"
                ],
                "description_kind": "plain",
                "optional": true
              }
            },
            "block_types": {
              "lifetime": {
                "nesting_mode": "set",
                "block": {
                  "attributes": {
                    "units": {
                      "type": "string",
                      "description_kind": "plain",
                      "optional": true,
                      "computed": true
                    },
                    "value": {
                      "type": "number",
                      "description_kind": "plain",
                      "optional": true,
                      "computed": true
                    }
                  },
                  "description_kind": "plain"
                }
              },
              "timeouts": {
                "nesting_mode": "single",
                "block": {
                  "attributes": {
                    "create": {
                      "type": "string",
                      "description_kind": "plain",
                      "optional": true
                    }
                  },
                  "description_kind": "plain"
                }
              }
            },
            "description_kind": "plain"
          }
        },
        "opentelekomcloud_vpnaas_ipsec_policy_v2": {
          "version": 0,
          "block": {
            "attributes": {
              "auth_algorithm": {
                "type": "string",
                "description_kind": "plain",
                "optional": true,
                "computed": true
              },
              "description": {
                "type": "string",
                "description_kind": "plain",
                "optional": true
              },
              "encapsulation_mode": {
                "type": "string",
                "description_kind": "plain",
                "optional": true,
                "computed": true
              },
              "encryption_algorithm": {
                "type": "string",
                "description_kind": "plain",
                "optional": true,
                "computed": true
              },
              "id": {
                "type": "string",
                "description_kind": "plain",
                "optional": true,
                "computed": true
              },
              "name": {
                "type": "string",
                "description_kind": "plain",
                "optional": true
              },
              "pfs": {
                "type": "string",
                "description_kind": "plain",
                "optional": true,
                "computed": true
              },
              "region": {
                "type": "string",
                "description_kind": "plain",
                "optional": true,
                "computed": true
              },
              "tenant_id": {
                "type": "string",
                "description_kind": "plain",
                "optional": true,
                "computed": true
              },
              "transform_protocol": {
                "type": "string",
                "description_kind": "plain",
                "optional": true,
                "computed": true
              },
              "value_specs": {
                "type": [
                  "map",
                  "string"
                ],
                "description_kind": "plain",
                "optional": true
              }
            },
            "block_types": {
              "lifetime": {
                "nesting_mode": "set",
                "block": {
                  "attributes": {
                    "units": {
                      "type": "string",
                      "description_kind": "plain",
                      "optional": true,
                      "computed": true
                    },
                    "value": {
                      "type": "number",
                      "description_kind": "plain",
                      "optional": true,
                      "computed": true
                    }
                  },
                  "description_kind": "plain"
                }
              },
              "timeouts": {
                "nesting_mode": "single",
                "block": {
                  "attributes": {
                    "create": {
                      "type": "string",
                      "description_kind": "plain",
                      "optional": true
                    }
                  },
                  "description_kind": "plain"
                }
              }
            },
            "description_kind": "plain"
          }
        },
        "opentelekomcloud_vpnaas_service_v2": {
          "version": 0,
          "block": {
            "attributes": {
              "admin_state_up": {
                "type": "bool",
                "description_kind": "plain",
                "optional": true
              },
              "description": {
                "type": "string",
                "description_kind": "plain",
                "optional": true
              },
              "external_v4_ip": {
                "type": "string",
                "description_kind": "plain",
                "computed": true
              },
              "external_v6_ip": {
                "type": "string",
                "description_kind": "plain",
                "computed": true
              },
              "id": {
                "type": "string",
                "description_kind": "plain",
                "optional": true,
                "computed": true
              },
              "name": {
                "type": "string",
                "description_kind": "plain",
                "optional": true
              },
              "region": {
                "type": "string",
                "description_kind": "plain",
                "optional": true,
                "computed": true
              },
              "router_id": {
                "type": "string",
                "description_kind": "plain",
                "required": true
              },
              "status": {
                "type": "string",
                "description_kind": "plain",
                "computed": true
              },
              "subnet_id": {
                "type": "string",
                "description_kind": "plain",
                "optional": true
              },
              "tenant_id": {
                "type": "string",
                "description_kind": "plain",
                "optional": true,
                "computed": true
              },
              "value_specs": {
                "type": [
                  "map",
                  "string"
                ],
                "description_kind": "plain",
                "optional": true
              }
            },
            "block_types": {
              "timeouts": {
                "nesting_mode": "single",
                "block": {
                  "attributes": {
                    "create": {
                      "type": "string",
                      "description_kind": "plain",
                      "optional": true
                    },
                    "delete": {
                      "type": "string",
                      "description_kind": "plain",
                      "optional": true
                    },
                    "update": {
                      "type": "string",
                      "description_kind": "plain",
                      "optional": true
                    }
                  },
                  "description_kind": "plain"
                }
              }
            },
            "description_kind": "plain"
          }
        },
        "opentelekomcloud_vpnaas_site_connection_v2": {
          "version": 0,
          "block": {
            "attributes": {
              "admin_state_up": {
                "type": "bool",
                "description_kind": "plain",
                "optional": true
              },
              "description": {
                "type": "string",
                "description_kind": "plain",
                "optional": true
              },
              "id": {
                "type": "string",
                "description_kind": "plain",
                "optional": true,
                "computed": true
              },
              "ikepolicy_id": {
                "type": "string",
                "description_kind": "plain",
                "required": true
              },
              "initiator": {
                "type": "string",
                "description_kind": "plain",
                "optional": true,
                "computed": true
              },
              "ipsecpolicy_id": {
                "type": "string",
                "description_kind": "plain",
                "required": true
              },
              "local_ep_group_id": {
                "type": "string",
                "description_kind": "plain",
                "optional": true
              },
              "local_id": {
                "type": "string",
                "description_kind": "plain",
                "optional": true
              },
              "mtu": {
                "type": "number",
                "description_kind": "plain",
                "optional": true,
                "computed": true
              },
              "name": {
                "type": "string",
                "description_kind": "plain",
                "optional": true
              },
              "peer_address": {
                "type": "string",
                "description_kind": "plain",
                "required": true
              },
              "peer_cidrs": {
                "type": [
                  "list",
                  "string"
                ],
                "description_kind": "plain",
                "optional": true
              },
              "peer_ep_group_id": {
                "type": "string",
                "description_kind": "plain",
                "optional": true
              },
              "peer_id": {
                "type": "string",
                "description_kind": "plain",
                "required": true
              },
              "psk": {
                "type": "string",
                "description_kind": "plain",
                "required": true
              },
              "region": {
                "type": "string",
                "description_kind": "plain",
                "optional": true,
                "computed": true
              },
              "tags": {
                "type": [
                  "map",
                  "string"
                ],
                "description_kind": "plain",
                "optional": true
              },
              "tenant_id": {
                "type": "string",
                "description_kind": "plain",
                "optional": true,
                "computed": true
              },
              "value_specs": {
                "type": [
                  "map",
                  "string"
                ],
                "description_kind": "plain",
                "optional": true
              },
              "vpnservice_id": {
                "type": "string",
                "description_kind": "plain",
                "required": true
              }
            },
            "block_types": {
              "dpd": {
                "nesting_mode": "set",
                "block": {
                  "attributes": {
                    "action": {
                      "type": "string",
                      "description_kind": "plain",
                      "optional": true,
                      "computed": true
                    },
                    "interval": {
                      "type": "number",
                      "description_kind": "plain",
                      "optional": true,
                      "computed": true
                    },
                    "timeout": {
                      "type": "number",
                      "description_kind": "plain",
                      "optional": true,
                      "computed": true
                    }
                  },
                  "description_kind": "plain"
                }
              },
              "timeouts": {
                "nesting_mode": "single",
                "block": {
                  "attributes": {
                    "create": {
                      "type": "string",
                      "description_kind": "plain",
                      "optional": true
                    },
                    "delete": {
                      "type": "string",
                      "description_kind": "plain",
                      "optional": true
                    },
                    "update": {
                      "type": "string",
                      "description_kind": "plain",
                      "optional": true
                    }
                  },
                  "description_kind": "plain"
                }
              }
            },
            "description_kind": "plain"
          }
        },
        "opentelekomcloud_waf_alarm_notification_v1": {
          "version": 0,
          "block": {
            "attributes": {
              "enabled": {
                "type": "bool",
                "description_kind": "plain",
                "required": true
              },
              "id": {
                "type": "string",
                "description_kind": "plain",
                "optional": true,
                "computed": true
              },
              "locale": {
                "type": "string",
                "description_kind": "plain",
                "optional": true,
                "computed": true
              },
              "send_frequency": {
                "type": "number",
                "description_kind": "plain",
                "required": true
              },
              "threat": {
                "type": [
                  "set",
                  "string"
                ],
                "description_kind": "plain",
                "required": true
              },
              "times": {
                "type": "number",
                "description_kind": "plain",
                "required": true
              },
              "topic_urn": {
                "type": "string",
                "description_kind": "plain",
                "required": true
              }
            },
            "description_kind": "plain"
          }
        },
        "opentelekomcloud_waf_ccattackprotection_rule_v1": {
          "version": 0,
          "block": {
            "attributes": {
              "action_category": {
                "type": "string",
                "description_kind": "plain",
                "required": true
              },
              "block_content": {
                "type": "string",
                "description_kind": "plain",
                "optional": true
              },
              "block_content_type": {
                "type": "string",
                "description_kind": "plain",
                "optional": true
              },
              "default": {
                "type": "bool",
                "description_kind": "plain",
                "computed": true
              },
              "id": {
                "type": "string",
                "description_kind": "plain",
                "optional": true,
                "computed": true
              },
              "limit_num": {
                "type": "number",
                "description_kind": "plain",
                "required": true
              },
              "limit_period": {
                "type": "number",
                "description_kind": "plain",
                "required": true
              },
              "lock_time": {
                "type": "number",
                "description_kind": "plain",
                "optional": true
              },
              "policy_id": {
                "type": "string",
                "description_kind": "plain",
                "required": true
              },
              "tag_category": {
                "type": "string",
                "description_kind": "plain",
                "optional": true
              },
              "tag_contents": {
                "type": [
                  "list",
                  "string"
                ],
                "description_kind": "plain",
                "optional": true
              },
              "tag_index": {
                "type": "string",
                "description_kind": "plain",
                "optional": true
              },
              "tag_type": {
                "type": "string",
                "description_kind": "plain",
                "required": true
              },
              "url": {
                "type": "string",
                "description_kind": "plain",
                "required": true
              }
            },
            "block_types": {
              "timeouts": {
                "nesting_mode": "single",
                "block": {
                  "attributes": {
                    "create": {
                      "type": "string",
                      "description_kind": "plain",
                      "optional": true
                    },
                    "delete": {
                      "type": "string",
                      "description_kind": "plain",
                      "optional": true
                    }
                  },
                  "description_kind": "plain"
                }
              }
            },
            "description_kind": "plain"
          }
        },
        "opentelekomcloud_waf_certificate_v1": {
          "version": 0,
          "block": {
            "attributes": {
              "content": {
                "type": "string",
                "description_kind": "plain",
                "required": true
              },
              "expires": {
                "type": "string",
                "description_kind": "plain",
                "computed": true
              },
              "id": {
                "type": "string",
                "description_kind": "plain",
                "optional": true,
                "computed": true
              },
              "key": {
                "type": "string",
                "description_kind": "plain",
                "required": true
              },
              "name": {
                "type": "string",
                "description_kind": "plain",
                "required": true
              },
              "region": {
                "type": "string",
                "description_kind": "plain",
                "optional": true,
                "computed": true
              }
            },
            "block_types": {
              "timeouts": {
                "nesting_mode": "single",
                "block": {
                  "attributes": {
                    "create": {
                      "type": "string",
                      "description_kind": "plain",
                      "optional": true
                    },
                    "delete": {
                      "type": "string",
                      "description_kind": "plain",
                      "optional": true
                    }
                  },
                  "description_kind": "plain"
                }
              }
            },
            "description_kind": "plain"
          }
        },
        "opentelekomcloud_waf_datamasking_rule_v1": {
          "version": 0,
          "block": {
            "attributes": {
              "category": {
                "type": "string",
                "description_kind": "plain",
                "required": true
              },
              "id": {
                "type": "string",
                "description_kind": "plain",
                "optional": true,
                "computed": true
              },
              "index": {
                "type": "string",
                "description_kind": "plain",
                "required": true
              },
              "policy_id": {
                "type": "string",
                "description_kind": "plain",
                "required": true
              },
              "url": {
                "type": "string",
                "description_kind": "plain",
                "required": true
              }
            },
            "block_types": {
              "timeouts": {
                "nesting_mode": "single",
                "block": {
                  "attributes": {
                    "create": {
                      "type": "string",
                      "description_kind": "plain",
                      "optional": true
                    },
                    "delete": {
                      "type": "string",
                      "description_kind": "plain",
                      "optional": true
                    }
                  },
                  "description_kind": "plain"
                }
              }
            },
            "description_kind": "plain"
          }
        },
        "opentelekomcloud_waf_domain_v1": {
          "version": 0,
          "block": {
            "attributes": {
              "access_code": {
                "type": "string",
                "description_kind": "plain",
                "computed": true
              },
              "access_status": {
                "type": "number",
                "description_kind": "plain",
                "computed": true
              },
              "certificate_id": {
                "type": "string",
                "description_kind": "plain",
                "optional": true
              },
              "cipher": {
                "type": "string",
                "description_kind": "plain",
                "optional": true,
                "computed": true
              },
              "cname": {
                "type": "string",
                "description_kind": "plain",
                "computed": true
              },
              "hostname": {
                "type": "string",
                "description_kind": "plain",
                "required": true
              },
              "id": {
                "type": "string",
                "description_kind": "plain",
                "optional": true,
                "computed": true
              },
              "policy_id": {
                "type": "string",
                "description_kind": "plain",
                "optional": true,
                "computed": true
              },
              "protect_status": {
                "type": "number",
                "description_kind": "plain",
                "computed": true
              },
              "protocol": {
                "type": "string",
                "description_kind": "plain",
                "computed": true
              },
              "proxy": {
                "type": "bool",
                "description_kind": "plain",
                "required": true
              },
              "sip_header_list": {
                "type": [
                  "list",
                  "string"
                ],
                "description_kind": "plain",
                "optional": true
              },
              "sip_header_name": {
                "type": "string",
                "description_kind": "plain",
                "optional": true
              },
              "sub_domain": {
                "type": "string",
                "description_kind": "plain",
                "computed": true
              },
              "tls": {
                "type": "string",
                "description_kind": "plain",
                "optional": true,
                "computed": true
              },
              "txt_code": {
                "type": "string",
                "description_kind": "plain",
                "computed": true
              }
            },
            "block_types": {
              "server": {
                "nesting_mode": "list",
                "block": {
                  "attributes": {
                    "address": {
                      "type": "string",
                      "description_kind": "plain",
                      "required": true
                    },
                    "back_protocol": {
                      "type": "string",
                      "description_kind": "plain",
                      "deprecated": true,
                      "optional": true,
                      "computed": true
                    },
                    "client_protocol": {
                      "type": "string",
                      "description_kind": "plain",
                      "optional": true,
                      "computed": true
                    },
                    "front_protocol": {
                      "type": "string",
                      "description_kind": "plain",
                      "deprecated": true,
                      "optional": true,
                      "computed": true
                    },
                    "port": {
                      "type": "string",
                      "description_kind": "plain",
                      "required": true
                    },
                    "server_protocol": {
                      "type": "string",
                      "description_kind": "plain",
                      "optional": true,
                      "computed": true
                    }
                  },
                  "description_kind": "plain"
                },
                "min_items": 1
              },
              "timeouts": {
                "nesting_mode": "single",
                "block": {
                  "attributes": {
                    "create": {
                      "type": "string",
                      "description_kind": "plain",
                      "optional": true
                    },
                    "delete": {
                      "type": "string",
                      "description_kind": "plain",
                      "optional": true
                    }
                  },
                  "description_kind": "plain"
                }
              }
            },
            "description_kind": "plain"
          }
        },
        "opentelekomcloud_waf_falsealarmmasking_rule_v1": {
          "version": 0,
          "block": {
            "attributes": {
              "id": {
                "type": "string",
                "description_kind": "plain",
                "optional": true,
                "computed": true
              },
              "policy_id": {
                "type": "string",
                "description_kind": "plain",
                "required": true
              },
              "rule": {
                "type": "string",
                "description_kind": "plain",
                "required": true
              },
              "url": {
                "type": "string",
                "description_kind": "plain",
                "required": true
              }
            },
            "block_types": {
              "timeouts": {
                "nesting_mode": "single",
                "block": {
                  "attributes": {
                    "create": {
                      "type": "string",
                      "description_kind": "plain",
                      "optional": true
                    },
                    "delete": {
                      "type": "string",
                      "description_kind": "plain",
                      "optional": true
                    }
                  },
                  "description_kind": "plain"
                }
              }
            },
            "description_kind": "plain",
            "deprecated": true
          }
        },
        "opentelekomcloud_waf_policy_v1": {
          "version": 0,
          "block": {
            "attributes": {
              "full_detection": {
                "type": "bool",
                "description_kind": "plain",
                "optional": true,
                "computed": true
              },
              "hosts": {
                "type": [
                  "list",
                  "string"
                ],
                "description_kind": "plain",
                "deprecated": true,
                "optional": true,
                "computed": true
              },
              "id": {
                "type": "string",
                "description_kind": "plain",
                "optional": true,
                "computed": true
              },
              "level": {
                "type": "number",
                "description_kind": "plain",
                "optional": true,
                "computed": true
              },
              "name": {
                "type": "string",
                "description_kind": "plain",
                "required": true
              }
            },
            "block_types": {
              "action": {
                "nesting_mode": "list",
                "block": {
                  "attributes": {
                    "category": {
                      "type": "string",
                      "description_kind": "plain",
                      "required": true
                    }
                  },
                  "description_kind": "plain"
                },
                "max_items": 1
              },
              "options": {
                "nesting_mode": "list",
                "block": {
                  "attributes": {
                    "antitamper": {
                      "type": "bool",
                      "description_kind": "plain",
                      "optional": true,
                      "computed": true
                    },
                    "cc": {
                      "type": "bool",
                      "description_kind": "plain",
                      "optional": true,
                      "computed": true
                    },
                    "common": {
                      "type": "bool",
                      "description_kind": "plain",
                      "optional": true,
                      "computed": true
                    },
                    "crawler": {
                      "type": "bool",
                      "description_kind": "plain",
                      "optional": true,
                      "computed": true
                    },
                    "crawler_engine": {
                      "type": "bool",
                      "description_kind": "plain",
                      "optional": true,
                      "computed": true
                    },
                    "crawler_other": {
                      "type": "bool",
                      "description_kind": "plain",
                      "optional": true,
                      "computed": true
                    },
                    "crawler_scanner": {
                      "type": "bool",
                      "description_kind": "plain",
                      "optional": true,
                      "computed": true
                    },
                    "crawler_script": {
                      "type": "bool",
                      "description_kind": "plain",
                      "optional": true,
                      "computed": true
                    },
                    "custom": {
                      "type": "bool",
                      "description_kind": "plain",
                      "optional": true,
                      "computed": true
                    },
                    "ignore": {
                      "type": "bool",
                      "description_kind": "plain",
                      "optional": true,
                      "computed": true
                    },
                    "privacy": {
                      "type": "bool",
                      "description_kind": "plain",
                      "optional": true,
                      "computed": true
                    },
                    "webattack": {
                      "type": "bool",
                      "description_kind": "plain",
                      "optional": true,
                      "computed": true
                    },
                    "webshell": {
                      "type": "bool",
                      "description_kind": "plain",
                      "optional": true,
                      "computed": true
                    },
                    "whiteblackip": {
                      "type": "bool",
                      "description_kind": "plain",
                      "optional": true,
                      "computed": true
                    }
                  },
                  "description_kind": "plain"
                },
                "max_items": 1
              },
              "timeouts": {
                "nesting_mode": "single",
                "block": {
                  "attributes": {
                    "create": {
                      "type": "string",
                      "description_kind": "plain",
                      "optional": true
                    },
                    "delete": {
                      "type": "string",
                      "description_kind": "plain",
                      "optional": true
                    }
                  },
                  "description_kind": "plain"
                }
              }
            },
            "description_kind": "plain"
          }
        },
        "opentelekomcloud_waf_preciseprotection_rule_v1": {
          "version": 0,
          "block": {
            "attributes": {
              "action_category": {
                "type": "string",
                "description_kind": "plain",
                "required": true
              },
              "end": {
                "type": "string",
                "description_kind": "plain",
                "optional": true,
                "computed": true
              },
              "id": {
                "type": "string",
                "description_kind": "plain",
                "optional": true,
                "computed": true
              },
              "name": {
                "type": "string",
                "description_kind": "plain",
                "required": true
              },
              "policy_id": {
                "type": "string",
                "description_kind": "plain",
                "required": true
              },
              "priority": {
                "type": "number",
                "description_kind": "plain",
                "optional": true
              },
              "start": {
                "type": "string",
                "description_kind": "plain",
                "optional": true,
                "computed": true
              },
              "time": {
                "type": "bool",
                "description_kind": "plain",
                "optional": true
              }
            },
            "block_types": {
              "conditions": {
                "nesting_mode": "list",
                "block": {
                  "attributes": {
                    "category": {
                      "type": "string",
                      "description_kind": "plain",
                      "required": true
                    },
                    "contents": {
                      "type": [
                        "list",
                        "string"
                      ],
                      "description_kind": "plain",
                      "required": true
                    },
                    "index": {
                      "type": "string",
                      "description_kind": "plain",
                      "optional": true
                    },
                    "logic": {
                      "type": "string",
                      "description_kind": "plain",
                      "required": true
                    }
                  },
                  "description_kind": "plain"
                },
                "min_items": 1
              },
              "timeouts": {
                "nesting_mode": "single",
                "block": {
                  "attributes": {
                    "create": {
                      "type": "string",
                      "description_kind": "plain",
                      "optional": true
                    },
                    "delete": {
                      "type": "string",
                      "description_kind": "plain",
                      "optional": true
                    }
                  },
                  "description_kind": "plain"
                }
              }
            },
            "description_kind": "plain"
          }
        },
        "opentelekomcloud_waf_webtamperprotection_rule_v1": {
          "version": 0,
          "block": {
            "attributes": {
              "hostname": {
                "type": "string",
                "description_kind": "plain",
                "required": true
              },
              "id": {
                "type": "string",
                "description_kind": "plain",
                "optional": true,
                "computed": true
              },
              "policy_id": {
                "type": "string",
                "description_kind": "plain",
                "required": true
              },
              "url": {
                "type": "string",
                "description_kind": "plain",
                "required": true
              }
            },
            "block_types": {
              "timeouts": {
                "nesting_mode": "single",
                "block": {
                  "attributes": {
                    "create": {
                      "type": "string",
                      "description_kind": "plain",
                      "optional": true
                    },
                    "delete": {
                      "type": "string",
                      "description_kind": "plain",
                      "optional": true
                    }
                  },
                  "description_kind": "plain"
                }
              }
            },
            "description_kind": "plain"
          }
        },
        "opentelekomcloud_waf_whiteblackip_rule_v1": {
          "version": 0,
          "block": {
            "attributes": {
              "addr": {
                "type": "string",
                "description_kind": "plain",
                "required": true
              },
              "id": {
                "type": "string",
                "description_kind": "plain",
                "optional": true,
                "computed": true
              },
              "policy_id": {
                "type": "string",
                "description_kind": "plain",
                "required": true
              },
              "white": {
                "type": "number",
                "description_kind": "plain",
                "optional": true
              }
            },
            "block_types": {
              "timeouts": {
                "nesting_mode": "single",
                "block": {
                  "attributes": {
                    "create": {
                      "type": "string",
                      "description_kind": "plain",
                      "optional": true
                    },
                    "delete": {
                      "type": "string",
                      "description_kind": "plain",
                      "optional": true
                    }
                  },
                  "description_kind": "plain"
                }
              }
            },
            "description_kind": "plain"
          }
        }
      },
      "data_source_schemas": {
        "opentelekomcloud_antiddos_v1": {
          "version": 0,
          "block": {
            "attributes": {
              "bps_attack": {
                "type": [
                  "set",
                  "number"
                ],
                "description_kind": "plain",
                "computed": true
              },
              "bps_in": {
                "type": [
                  "set",
                  "number"
                ],
                "description_kind": "plain",
                "computed": true
              },
              "end_time": {
                "type": [
                  "set",
                  "number"
                ],
                "description_kind": "plain",
                "computed": true
              },
              "floating_ip_address": {
                "type": "string",
                "description_kind": "plain",
                "optional": true,
                "computed": true
              },
              "floating_ip_id": {
                "type": "string",
                "description_kind": "plain",
                "optional": true,
                "computed": true
              },
              "id": {
                "type": "string",
                "description_kind": "plain",
                "optional": true,
                "computed": true
              },
              "network_type": {
                "type": "string",
                "description_kind": "plain",
                "computed": true
              },
              "period_start": {
                "type": [
                  "set",
                  "number"
                ],
                "description_kind": "plain",
                "computed": true
              },
              "pps_attack": {
                "type": [
                  "set",
                  "number"
                ],
                "description_kind": "plain",
                "computed": true
              },
              "pps_in": {
                "type": [
                  "set",
                  "number"
                ],
                "description_kind": "plain",
                "computed": true
              },
              "region": {
                "type": "string",
                "description_kind": "plain",
                "optional": true,
                "computed": true
              },
              "start_time": {
                "type": [
                  "set",
                  "number"
                ],
                "description_kind": "plain",
                "computed": true
              },
              "status": {
                "type": "string",
                "description_kind": "plain",
                "optional": true,
                "computed": true
              },
              "total_bps": {
                "type": [
                  "set",
                  "number"
                ],
                "description_kind": "plain",
                "computed": true
              },
              "total_pps": {
                "type": [
                  "set",
                  "number"
                ],
                "description_kind": "plain",
                "computed": true
              },
              "traffic_cleaning_status": {
                "type": [
                  "set",
                  "number"
                ],
                "description_kind": "plain",
                "computed": true
              },
              "trigger_bps": {
                "type": [
                  "set",
                  "number"
                ],
                "description_kind": "plain",
                "computed": true
              },
              "trigger_http_pps": {
                "type": [
                  "set",
                  "number"
                ],
                "description_kind": "plain",
                "computed": true
              },
              "trigger_pps": {
                "type": [
                  "set",
                  "number"
                ],
                "description_kind": "plain",
                "computed": true
              }
            },
            "description_kind": "plain"
          }
        },
        "opentelekomcloud_cbr_backup_ids_v3": {
          "version": 0,
          "block": {
            "attributes": {
              "checkpoint_id": {
                "type": "string",
                "description_kind": "plain",
                "optional": true,
                "computed": true
              },
              "id": {
                "type": "string",
                "description_kind": "plain",
                "optional": true,
                "computed": true
              },
              "ids": {
                "type": [
                  "set",
                  "string"
                ],
                "description_kind": "plain",
                "computed": true
              },
              "image_type": {
                "type": "string",
                "description_kind": "plain",
                "optional": true,
                "computed": true
              },
              "name": {
                "type": "string",
                "description_kind": "plain",
                "optional": true,
                "computed": true
              },
              "parent_id": {
                "type": "string",
                "description_kind": "plain",
                "optional": true,
                "computed": true
              },
              "resource_az": {
                "type": "string",
                "description_kind": "plain",
                "optional": true,
                "computed": true
              },
              "resource_id": {
                "type": "string",
                "description_kind": "plain",
                "optional": true,
                "computed": true
              },
              "resource_name": {
                "type": "string",
                "description_kind": "plain",
                "optional": true,
                "computed": true
              },
              "resource_type": {
                "type": "string",
                "description_kind": "plain",
                "optional": true,
                "computed": true
              },
              "status": {
                "type": "string",
                "description_kind": "plain",
                "optional": true,
                "computed": true
              },
              "vault_id": {
                "type": "string",
                "description_kind": "plain",
                "optional": true,
                "computed": true
              }
            },
            "description_kind": "plain"
          }
        },
        "opentelekomcloud_cbr_backup_v3": {
          "version": 0,
          "block": {
            "attributes": {
              "auto_trigger": {
                "type": "bool",
                "description_kind": "plain",
                "optional": true,
                "computed": true
              },
              "bootable": {
                "type": "bool",
                "description_kind": "plain",
                "optional": true,
                "computed": true
              },
              "checkpoint_id": {
                "type": "string",
                "description_kind": "plain",
                "optional": true,
                "computed": true
              },
              "contain_system_disk": {
                "type": "bool",
                "description_kind": "plain",
                "optional": true,
                "computed": true
              },
              "created_at": {
                "type": "string",
                "description_kind": "plain",
                "optional": true,
                "computed": true
              },
              "description": {
                "type": "string",
                "description_kind": "plain",
                "optional": true,
                "computed": true
              },
              "encrypted": {
                "type": "bool",
                "description_kind": "plain",
                "optional": true,
                "computed": true
              },
              "expired_at": {
                "type": "string",
                "description_kind": "plain",
                "optional": true,
                "computed": true
              },
              "id": {
                "type": "string",
                "description_kind": "plain",
                "optional": true,
                "computed": true
              },
              "image_type": {
                "type": "string",
                "description_kind": "plain",
                "optional": true,
                "computed": true
              },
              "incremental": {
                "type": "bool",
                "description_kind": "plain",
                "optional": true,
                "computed": true
              },
              "name": {
                "type": "string",
                "description_kind": "plain",
                "optional": true,
                "computed": true
              },
              "parent_id": {
                "type": "string",
                "description_kind": "plain",
                "optional": true,
                "computed": true
              },
              "project_id": {
                "type": "string",
                "description_kind": "plain",
                "optional": true,
                "computed": true
              },
              "provider_id": {
                "type": "string",
                "description_kind": "plain",
                "optional": true,
                "computed": true
              },
              "resource_az": {
                "type": "string",
                "description_kind": "plain",
                "optional": true,
                "computed": true
              },
              "resource_id": {
                "type": "string",
                "description_kind": "plain",
                "optional": true,
                "computed": true
              },
              "resource_name": {
                "type": "string",
                "description_kind": "plain",
                "optional": true,
                "computed": true
              },
              "resource_size": {
                "type": "number",
                "description_kind": "plain",
                "optional": true,
                "computed": true
              },
              "resource_type": {
                "type": "string",
                "description_kind": "plain",
                "optional": true,
                "computed": true
              },
              "snapshot_id": {
                "type": "string",
                "description_kind": "plain",
                "optional": true,
                "computed": true
              },
              "status": {
                "type": "string",
                "description_kind": "plain",
                "optional": true,
                "computed": true
              },
              "support_lld": {
                "type": "bool",
                "description_kind": "plain",
                "optional": true,
                "computed": true
              },
              "supported_restore_mode": {
                "type": "string",
                "description_kind": "plain",
                "optional": true,
                "computed": true
              },
              "system_disk": {
                "type": "bool",
                "description_kind": "plain",
                "optional": true,
                "computed": true
              },
              "updated_at": {
                "type": "string",
                "description_kind": "plain",
                "optional": true,
                "computed": true
              },
              "vault_id": {
                "type": "string",
                "description_kind": "plain",
                "optional": true,
                "computed": true
              }
            },
            "description_kind": "plain"
          }
        },
        "opentelekomcloud_cce_addon_template_v3": {
          "version": 0,
          "block": {
            "attributes": {
              "addon_name": {
                "type": "string",
                "description_kind": "plain",
                "required": true
              },
              "addon_version": {
                "type": "string",
                "description_kind": "plain",
                "required": true
              },
              "cluster_ip": {
                "type": "string",
                "description_kind": "plain",
                "optional": true,
                "computed": true
              },
              "cluster_versions": {
                "type": "string",
                "description_kind": "plain",
                "optional": true,
                "computed": true
              },
              "id": {
                "type": "string",
                "description_kind": "plain",
                "optional": true,
                "computed": true
              },
              "image_version": {
                "type": "string",
                "description_kind": "plain",
                "optional": true,
                "computed": true
              },
              "swr_addr": {
                "type": "string",
                "description_kind": "plain",
                "optional": true,
                "computed": true
              },
              "swr_user": {
                "type": "string",
                "description_kind": "plain",
                "optional": true,
                "computed": true
              }
            },
            "description_kind": "plain"
          }
        },
        "opentelekomcloud_cce_cluster_kubeconfig_v3": {
          "version": 0,
          "block": {
            "attributes": {
              "cluster_id": {
                "type": "string",
                "description_kind": "plain",
                "required": true
              },
              "duration": {
                "type": "number",
                "description_kind": "plain",
                "optional": true
              },
              "id": {
                "type": "string",
                "description_kind": "plain",
                "optional": true,
                "computed": true
              },
              "kubeconfig": {
                "type": "string",
                "description_kind": "plain",
                "computed": true
              }
            },
            "description_kind": "plain"
          }
        },
        "opentelekomcloud_cce_cluster_v3": {
          "version": 0,
          "block": {
            "attributes": {
              "authentication_mode": {
                "type": "string",
                "description_kind": "plain",
                "computed": true
              },
              "billing_mode": {
                "type": "number",
                "description_kind": "plain",
                "computed": true
              },
              "certificate_clusters": {
                "type": [
                  "list",
                  [
                    "object",
                    {
                      "certificate_authority_data": "string",
                      "name": "string",
                      "server": "string"
                    }
                  ]
                ],
                "description_kind": "plain",
                "computed": true
              },
              "certificate_users": {
                "type": [
                  "list",
                  [
                    "object",
                    {
                      "client_certificate_data": "string",
                      "client_key_data": "string",
                      "name": "string"
                    }
                  ]
                ],
                "description_kind": "plain",
                "computed": true
              },
              "cluster_type": {
                "type": "string",
                "description_kind": "plain",
                "optional": true
              },
              "cluster_version": {
                "type": "string",
                "description_kind": "plain",
                "computed": true
              },
              "container_network_cidr": {
                "type": "string",
                "description_kind": "plain",
                "computed": true
              },
              "container_network_type": {
                "type": "string",
                "description_kind": "plain",
                "computed": true
              },
              "description": {
                "type": "string",
                "description_kind": "plain",
                "computed": true
              },
              "eni_subnet_cidr": {
                "type": "string",
                "description_kind": "plain",
                "computed": true
              },
              "eni_subnet_id": {
                "type": "string",
                "description_kind": "plain",
                "computed": true
              },
              "external": {
                "type": "string",
                "description_kind": "plain",
                "computed": true
              },
              "external_otc": {
                "type": "string",
                "description_kind": "plain",
                "computed": true
              },
              "flavor_id": {
                "type": "string",
                "description_kind": "plain",
                "computed": true
              },
              "highway_subnet_id": {
                "type": "string",
                "description_kind": "plain",
                "computed": true
              },
              "id": {
                "type": "string",
                "description_kind": "plain",
                "optional": true,
                "computed": true
              },
              "internal": {
                "type": "string",
                "description_kind": "plain",
                "computed": true
              },
              "name": {
                "type": "string",
                "description_kind": "plain",
                "optional": true
              },
              "region": {
                "type": "string",
                "description_kind": "plain",
                "optional": true,
                "computed": true
              },
              "status": {
                "type": "string",
                "description_kind": "plain",
                "optional": true
              },
              "subnet_id": {
                "type": "string",
                "description_kind": "plain",
                "computed": true
              },
              "vpc_id": {
                "type": "string",
                "description_kind": "plain",
                "optional": true
              }
            },
            "description_kind": "plain"
          }
        },
        "opentelekomcloud_cce_node_ids_v3": {
          "version": 0,
          "block": {
            "attributes": {
              "cluster_id": {
                "type": "string",
                "description_kind": "plain",
                "required": true
              },
              "id": {
                "type": "string",
                "description_kind": "plain",
                "optional": true,
                "computed": true
              },
              "ids": {
                "type": [
                  "set",
                  "string"
                ],
                "description_kind": "plain",
                "computed": true
              },
              "region": {
                "type": "string",
                "description_kind": "plain",
                "optional": true,
                "computed": true
              }
            },
            "description_kind": "plain"
          }
        },
        "opentelekomcloud_cce_node_v3": {
          "version": 0,
          "block": {
            "attributes": {
              "availability_zone": {
                "type": "string",
                "description_kind": "plain",
                "computed": true
              },
              "bandwidth_size": {
                "type": "number",
                "description_kind": "plain",
                "computed": true
              },
              "billing_mode": {
                "type": "number",
                "description_kind": "plain",
                "computed": true
              },
              "charge_mode": {
                "type": "string",
                "description_kind": "plain",
                "computed": true
              },
              "cluster_id": {
                "type": "string",
                "description_kind": "plain",
                "required": true
              },
              "data_volumes": {
                "type": [
                  "list",
                  [
                    "object",
                    {
                      "disk_size": "number",
                      "extend_params": [
                        "map",
                        "string"
                      ],
                      "kms_id": "string",
                      "volume_type": "string"
                    }
                  ]
                ],
                "description_kind": "plain",
                "computed": true
              },
              "disk_size": {
                "type": "number",
                "description_kind": "plain",
                "computed": true
              },
              "eip_count": {
                "type": "number",
                "description_kind": "plain",
                "computed": true
              },
              "eip_ids": {
                "type": [
                  "set",
                  "string"
                ],
                "description_kind": "plain",
                "computed": true
              },
              "flavor_id": {
                "type": "string",
                "description_kind": "plain",
                "computed": true
              },
              "id": {
                "type": "string",
                "description_kind": "plain",
                "optional": true,
                "computed": true
              },
              "ip_type": {
                "type": "string",
                "description_kind": "plain",
                "computed": true
              },
              "key_pair": {
                "type": "string",
                "description_kind": "plain",
                "computed": true
              },
              "name": {
                "type": "string",
                "description_kind": "plain",
                "optional": true
              },
              "node_id": {
                "type": "string",
                "description_kind": "plain",
                "optional": true
              },
              "private_ip": {
                "type": "string",
                "description_kind": "plain",
                "computed": true
              },
              "public_ip": {
                "type": "string",
                "description_kind": "plain",
                "computed": true
              },
              "region": {
                "type": "string",
                "description_kind": "plain",
                "optional": true,
                "computed": true
              },
              "server_id": {
                "type": "string",
                "description_kind": "plain",
                "computed": true
              },
              "share_type": {
                "type": "string",
                "description_kind": "plain",
                "computed": true
              },
              "status": {
                "type": "string",
                "description_kind": "plain",
                "optional": true
              },
              "volume_type": {
                "type": "string",
                "description_kind": "plain",
                "computed": true
              }
            },
            "description_kind": "plain"
          }
        },
        "opentelekomcloud_compute_availability_zones_v2": {
          "version": 0,
          "block": {
            "attributes": {
              "id": {
                "type": "string",
                "description_kind": "plain",
                "optional": true,
                "computed": true
              },
              "names": {
                "type": [
                  "list",
                  "string"
                ],
                "description_kind": "plain",
                "computed": true
              },
              "region": {
                "type": "string",
                "description_kind": "plain",
                "optional": true,
                "computed": true
              },
              "state": {
                "type": "string",
                "description_kind": "plain",
                "optional": true
              }
            },
            "description_kind": "plain"
          }
        },
        "opentelekomcloud_compute_bms_flavors_v2": {
          "version": 0,
          "block": {
            "attributes": {
              "disk": {
                "type": "number",
                "description_kind": "plain",
                "computed": true
              },
              "id": {
                "type": "string",
                "description_kind": "plain",
                "optional": true
              },
              "min_disk": {
                "type": "number",
                "description_kind": "plain",
                "optional": true
              },
              "min_ram": {
                "type": "number",
                "description_kind": "plain",
                "optional": true
              },
              "name": {
                "type": "string",
                "description_kind": "plain",
                "optional": true
              },
              "ram": {
                "type": "number",
                "description_kind": "plain",
                "computed": true
              },
              "region": {
                "type": "string",
                "description_kind": "plain",
                "optional": true,
                "computed": true
              },
              "rx_tx_factor": {
                "type": "number",
                "description_kind": "plain",
                "computed": true
              },
              "sort_dir": {
                "type": "string",
                "description_kind": "plain",
                "optional": true
              },
              "sort_key": {
                "type": "string",
                "description_kind": "plain",
                "optional": true
              },
              "swap": {
                "type": "number",
                "description_kind": "plain",
                "computed": true
              },
              "vcpus": {
                "type": "number",
                "description_kind": "plain",
                "computed": true
              }
            },
            "description_kind": "plain"
          }
        },
        "opentelekomcloud_compute_bms_keypairs_v2": {
          "version": 0,
          "block": {
            "attributes": {
              "fingerprint": {
                "type": "string",
                "description_kind": "plain",
                "computed": true
              },
              "id": {
                "type": "string",
                "description_kind": "plain",
                "optional": true,
                "computed": true
              },
              "name": {
                "type": "string",
                "description_kind": "plain",
                "required": true
              },
              "public_key": {
                "type": "string",
                "description_kind": "plain",
                "computed": true
              },
              "region": {
                "type": "string",
                "description_kind": "plain",
                "optional": true,
                "computed": true
              }
            },
            "description_kind": "plain"
          }
        },
        "opentelekomcloud_compute_bms_nic_v2": {
          "version": 0,
          "block": {
            "attributes": {
              "fixed_ips": {
                "type": [
                  "list",
                  [
                    "object",
                    {
                      "ip_address": "string",
                      "subnet_id": "string"
                    }
                  ]
                ],
                "description_kind": "plain",
                "computed": true
              },
              "id": {
                "type": "string",
                "description_kind": "plain",
                "optional": true
              },
              "mac_address": {
                "type": "string",
                "description_kind": "plain",
                "computed": true
              },
              "network_id": {
                "type": "string",
                "description_kind": "plain",
                "computed": true
              },
              "region": {
                "type": "string",
                "description_kind": "plain",
                "optional": true,
                "computed": true
              },
              "server_id": {
                "type": "string",
                "description_kind": "plain",
                "required": true
              },
              "status": {
                "type": "string",
                "description_kind": "plain",
                "optional": true
              }
            },
            "description_kind": "plain"
          }
        },
        "opentelekomcloud_compute_bms_server_v2": {
          "version": 0,
          "block": {
            "attributes": {
              "access_ip_v4": {
                "type": "string",
                "description_kind": "plain",
                "computed": true
              },
              "access_ip_v6": {
                "type": "string",
                "description_kind": "plain",
                "computed": true
              },
              "availability_zone": {
                "type": "string",
                "description_kind": "plain",
                "computed": true
              },
              "config_drive": {
                "type": "string",
                "description_kind": "plain",
                "computed": true
              },
              "description": {
                "type": "string",
                "description_kind": "plain",
                "computed": true
              },
              "flavor_id": {
                "type": "string",
                "description_kind": "plain",
                "optional": true
              },
              "host_id": {
                "type": "string",
                "description_kind": "plain",
                "computed": true
              },
              "host_status": {
                "type": "string",
                "description_kind": "plain",
                "optional": true
              },
              "hypervisor_hostname": {
                "type": "string",
                "description_kind": "plain",
                "computed": true
              },
              "id": {
                "type": "string",
                "description_kind": "plain",
                "optional": true
              },
              "image_id": {
                "type": "string",
                "description_kind": "plain",
                "optional": true
              },
              "instance_name": {
                "type": "string",
                "description_kind": "plain",
                "computed": true
              },
              "kernel_id": {
                "type": "string",
                "description_kind": "plain",
                "computed": true
              },
              "key_name": {
                "type": "string",
                "description_kind": "plain",
                "optional": true
              },
              "locked": {
                "type": "bool",
                "description_kind": "plain",
                "computed": true
              },
              "metadata": {
                "type": [
                  "map",
                  "string"
                ],
                "description_kind": "plain",
                "computed": true
              },
              "name": {
                "type": "string",
                "description_kind": "plain",
                "optional": true
              },
              "network": {
                "type": [
                  "list",
                  [
                    "object",
                    {
                      "ip": "string",
                      "mac": "string",
                      "name": "string",
                      "type": "string",
                      "version": "number"
                    }
                  ]
                ],
                "description_kind": "plain",
                "computed": true
              },
              "progress": {
                "type": "number",
                "description_kind": "plain",
                "computed": true
              },
              "region": {
                "type": "string",
                "description_kind": "plain",
                "optional": true,
                "computed": true
              },
              "security_groups": {
                "type": [
                  "list",
                  [
                    "object",
                    {
                      "name": "string"
                    }
                  ]
                ],
                "description_kind": "plain",
                "computed": true
              },
              "status": {
                "type": "string",
                "description_kind": "plain",
                "optional": true
              },
              "tags": {
                "type": [
                  "set",
                  "string"
                ],
                "description_kind": "plain",
                "computed": true
              },
              "tenant_id": {
                "type": "string",
                "description_kind": "plain",
                "computed": true
              },
              "user_id": {
                "type": "string",
                "description_kind": "plain",
                "optional": true
              }
            },
            "description_kind": "plain"
          }
        },
        "opentelekomcloud_compute_flavor_v2": {
          "version": 0,
          "block": {
            "attributes": {
              "availability_zone": {
                "type": "string",
                "description_kind": "plain",
                "optional": true
              },
              "disk": {
                "type": "number",
                "description_kind": "plain",
                "optional": true
              },
              "extra_specs": {
                "type": [
                  "map",
                  "string"
                ],
                "description_kind": "plain",
                "computed": true
              },
              "flavor_id": {
                "type": "string",
                "description_kind": "plain",
                "optional": true
              },
              "id": {
                "type": "string",
                "description_kind": "plain",
                "optional": true,
                "computed": true
              },
              "min_disk": {
                "type": "number",
                "description_kind": "plain",
                "optional": true
              },
              "min_ram": {
                "type": "number",
                "description_kind": "plain",
                "optional": true
              },
              "name": {
                "type": "string",
                "description_kind": "plain",
                "optional": true
              },
              "ram": {
                "type": "number",
                "description_kind": "plain",
                "optional": true
              },
              "region": {
                "type": "string",
                "description_kind": "plain",
                "optional": true,
                "computed": true
              },
              "resource_type": {
                "type": "string",
                "description_kind": "plain",
                "optional": true
              },
              "rx_tx_factor": {
                "type": "number",
                "description_kind": "plain",
                "optional": true
              },
              "swap": {
                "type": "number",
                "description_kind": "plain",
                "optional": true
              },
              "vcpus": {
                "type": "number",
                "description_kind": "plain",
                "optional": true
              }
            },
            "description_kind": "plain"
          }
        },
        "opentelekomcloud_compute_instance_v2": {
          "version": 0,
          "block": {
            "attributes": {
              "access_ip_v4": {
                "type": "string",
                "description_kind": "plain",
                "computed": true
              },
              "access_ip_v6": {
                "type": "string",
                "description_kind": "plain",
                "computed": true
              },
              "admin_pass": {
                "type": "string",
                "description_kind": "plain",
                "computed": true,
                "sensitive": true
              },
              "availability_zone": {
                "type": "string",
                "description_kind": "plain",
                "computed": true
              },
              "encrypted_password": {
                "type": "string",
                "description_kind": "plain",
                "computed": true,
                "sensitive": true
              },
              "flavor_id": {
                "type": "string",
                "description_kind": "plain",
                "computed": true
              },
              "flavor_name": {
                "type": "string",
                "description_kind": "plain",
                "computed": true
              },
              "id": {
                "type": "string",
                "description_kind": "plain",
                "optional": true,
                "computed": true
              },
              "image_id": {
                "type": "string",
                "description_kind": "plain",
                "computed": true
              },
              "image_name": {
                "type": "string",
                "description_kind": "plain",
                "computed": true
              },
              "key_pair": {
                "type": "string",
                "description_kind": "plain",
                "computed": true
              },
              "metadata": {
                "type": [
                  "map",
                  "string"
                ],
                "description_kind": "plain",
                "computed": true
              },
              "name": {
                "type": "string",
                "description_kind": "plain",
                "optional": true,
                "computed": true
              },
              "password": {
                "type": "string",
                "description_kind": "plain",
                "computed": true,
                "sensitive": true
              },
              "power_state": {
                "type": "string",
                "description_kind": "plain",
                "computed": true
              },
              "region": {
                "type": "string",
                "description_kind": "plain",
                "optional": true,
                "computed": true
              },
              "security_groups": {
                "type": [
                  "set",
                  "string"
                ],
                "description_kind": "plain",
                "computed": true
              },
              "ssh_private_key_path": {
                "type": "string",
                "description_kind": "plain",
                "optional": true,
                "sensitive": true
              },
              "tags": {
                "type": [
                  "map",
                  "string"
                ],
                "description_kind": "plain",
                "optional": true
              },
              "user_data": {
                "type": "string",
                "description_kind": "plain",
                "optional": true,
                "computed": true
              }
            },
            "block_types": {
              "network": {
                "nesting_mode": "list",
                "block": {
                  "attributes": {
                    "fixed_ip_v4": {
                      "type": "string",
                      "description_kind": "plain",
                      "computed": true
                    },
                    "fixed_ip_v6": {
                      "type": "string",
                      "description_kind": "plain",
                      "computed": true
                    },
                    "mac": {
                      "type": "string",
                      "description_kind": "plain",
                      "computed": true
                    },
                    "name": {
                      "type": "string",
                      "description_kind": "plain",
                      "computed": true
                    },
                    "port": {
                      "type": "string",
                      "description_kind": "plain",
                      "computed": true
                    },
                    "uuid": {
                      "type": "string",
                      "description_kind": "plain",
                      "computed": true
                    }
                  },
                  "description_kind": "plain"
                }
              }
            },
            "description_kind": "plain"
          }
        },
        "opentelekomcloud_compute_instances_v2": {
          "version": 0,
          "block": {
            "attributes": {
              "availability_zone": {
                "type": "string",
                "description_kind": "plain",
                "optional": true
              },
              "flavor_id": {
                "type": "string",
                "description_kind": "plain",
                "optional": true
              },
              "flavor_name": {
                "type": "string",
                "description_kind": "plain",
                "optional": true
              },
              "id": {
                "type": "string",
                "description_kind": "plain",
                "optional": true,
                "computed": true
              },
              "image_id": {
                "type": "string",
                "description_kind": "plain",
                "optional": true
              },
              "instance_id": {
                "type": "string",
                "description_kind": "plain",
                "optional": true
              },
              "instances": {
                "type": [
                  "list",
                  [
                    "object",
                    {
                      "availability_zone": "string",
                      "flavor_id": "string",
                      "flavor_name": "string",
                      "id": "string",
                      "image_id": "string",
                      "image_name": "string",
                      "key_pair": "string",
                      "name": "string",
                      "network": [
                        "list",
                        [
                          "object",
                          {
                            "fixed_ip_v4": "string",
                            "fixed_ip_v6": "string",
                            "mac": "string",
                            "name": "string",
                            "port": "string",
                            "uuid": "string"
                          }
                        ]
                      ],
                      "project_id": "string",
                      "public_ip": "string",
                      "security_group_ids": [
                        "list",
                        "string"
                      ],
                      "status": "string",
                      "system_disk_id": "string",
                      "tags": [
                        "map",
                        "string"
                      ],
                      "user_data": "string"
                    }
                  ]
                ],
                "description_kind": "plain",
                "computed": true
              },
              "key_pair": {
                "type": "string",
                "description_kind": "plain",
                "optional": true
              },
              "limit": {
                "type": "number",
                "description_kind": "plain",
                "optional": true
              },
              "name": {
                "type": "string",
                "description_kind": "plain",
                "optional": true
              },
              "project_id": {
                "type": "string",
                "description_kind": "plain",
                "optional": true
              },
              "status": {
                "type": "string",
                "description_kind": "plain",
                "optional": true
              }
            },
            "description_kind": "plain"
          }
        },
        "opentelekomcloud_csbs_backup_policy_v1": {
          "version": 0,
          "block": {
            "attributes": {
              "common": {
                "type": [
                  "map",
                  "string"
                ],
                "description_kind": "plain",
                "computed": true
              },
              "description": {
                "type": "string",
                "description_kind": "plain",
                "computed": true
              },
              "id": {
                "type": "string",
                "description_kind": "plain",
                "optional": true,
                "computed": true
              },
              "name": {
                "type": "string",
                "description_kind": "plain",
                "optional": true,
                "computed": true
              },
              "provider_id": {
                "type": "string",
                "description_kind": "plain",
                "computed": true
              },
              "region": {
                "type": "string",
                "description_kind": "plain",
                "optional": true,
                "computed": true
              },
              "resource": {
                "type": [
                  "set",
                  [
                    "object",
                    {
                      "id": "string",
                      "name": "string",
                      "type": "string"
                    }
                  ]
                ],
                "description_kind": "plain",
                "computed": true
              },
              "scheduled_operation": {
                "type": [
                  "set",
                  [
                    "object",
                    {
                      "description": "string",
                      "enabled": "bool",
                      "id": "string",
                      "max_backups": "number",
                      "name": "string",
                      "operation_type": "string",
                      "permanent": "bool",
                      "retention_duration_days": "number",
                      "trigger_id": "string",
                      "trigger_name": "string",
                      "trigger_pattern": "string",
                      "trigger_type": "string"
                    }
                  ]
                ],
                "description_kind": "plain",
                "computed": true
              },
              "status": {
                "type": "string",
                "description_kind": "plain",
                "optional": true,
                "computed": true
              },
              "tags": {
                "type": [
                  "map",
                  "string"
                ],
                "description_kind": "plain",
                "computed": true
              }
            },
            "description_kind": "plain"
          }
        },
        "opentelekomcloud_csbs_backup_v1": {
          "version": 0,
          "block": {
            "attributes": {
              "auto_trigger": {
                "type": "bool",
                "description_kind": "plain",
                "computed": true
              },
              "average_speed": {
                "type": "number",
                "description_kind": "plain",
                "computed": true
              },
              "backup_name": {
                "type": "string",
                "description_kind": "plain",
                "optional": true,
                "computed": true
              },
              "backup_record_id": {
                "type": "string",
                "description_kind": "plain",
                "optional": true,
                "computed": true
              },
              "description": {
                "type": "string",
                "description_kind": "plain",
                "computed": true
              },
              "id": {
                "type": "string",
                "description_kind": "plain",
                "optional": true
              },
              "policy_id": {
                "type": "string",
                "description_kind": "plain",
                "optional": true
              },
              "region": {
                "type": "string",
                "description_kind": "plain",
                "optional": true,
                "computed": true
              },
              "resource_id": {
                "type": "string",
                "description_kind": "plain",
                "optional": true,
                "computed": true
              },
              "resource_name": {
                "type": "string",
                "description_kind": "plain",
                "optional": true,
                "computed": true
              },
              "resource_type": {
                "type": "string",
                "description_kind": "plain",
                "optional": true,
                "computed": true
              },
              "size": {
                "type": "number",
                "description_kind": "plain",
                "computed": true
              },
              "status": {
                "type": "string",
                "description_kind": "plain",
                "optional": true,
                "computed": true
              },
              "tags": {
                "type": [
                  "map",
                  "string"
                ],
                "description_kind": "plain",
                "computed": true
              },
              "vm_ip": {
                "type": "string",
                "description_kind": "plain",
                "optional": true
              },
              "vm_metadata": {
                "type": [
                  "set",
                  [
                    "object",
                    {
                      "cloud_service_type": "string",
                      "disk": "number",
                      "eip": "string",
                      "image_type": "string",
                      "name": "string",
                      "private_ip": "string",
                      "ram": "number",
                      "vcpus": "number"
                    }
                  ]
                ],
                "description_kind": "plain",
                "computed": true
              },
              "volume_backups": {
                "type": [
                  "set",
                  [
                    "object",
                    {
                      "average_speed": "number",
                      "bootable": "bool",
                      "id": "string",
                      "image_type": "string",
                      "incremental": "bool",
                      "name": "string",
                      "size": "number",
                      "snapshot_id": "string",
                      "source_volume_id": "string",
                      "source_volume_name": "string",
                      "source_volume_size": "number",
                      "space_saving_ratio": "number",
                      "status": "string"
                    }
                  ]
                ],
                "description_kind": "plain",
                "computed": true
              }
            },
            "description_kind": "plain"
          }
        },
        "opentelekomcloud_css_flavor_v1": {
          "version": 0,
          "block": {
            "attributes": {
              "cpu": {
                "type": "number",
                "description_kind": "plain",
                "computed": true
              },
              "id": {
                "type": "string",
                "description_kind": "plain",
                "optional": true,
                "computed": true
              },
              "min_cpu": {
                "type": "number",
                "description_kind": "plain",
                "optional": true
              },
              "min_ram": {
                "type": "number",
                "description_kind": "plain",
                "optional": true
              },
              "name": {
                "type": "string",
                "description_kind": "plain",
                "optional": true,
                "computed": true
              },
              "ram": {
                "type": "number",
                "description_kind": "plain",
                "computed": true
              },
              "region": {
                "type": "string",
                "description_kind": "plain",
                "computed": true
              },
              "type": {
                "type": "string",
                "description_kind": "plain",
                "optional": true
              },
              "version": {
                "type": "string",
                "description_kind": "plain",
                "optional": true,
                "computed": true
              }
            },
            "block_types": {
              "disk_range": {
                "nesting_mode": "list",
                "block": {
                  "attributes": {
                    "from": {
                      "type": "number",
                      "description_kind": "plain",
                      "computed": true
                    },
                    "min_from": {
                      "type": "number",
                      "description_kind": "plain",
                      "optional": true
                    },
                    "min_to": {
                      "type": "number",
                      "description_kind": "plain",
                      "optional": true
                    },
                    "to": {
                      "type": "number",
                      "description_kind": "plain",
                      "computed": true
                    }
                  },
                  "description_kind": "plain"
                },
                "max_items": 1
              }
            },
            "description_kind": "plain"
          }
        },
        "opentelekomcloud_cts_tracker_v1": {
          "version": 0,
          "block": {
            "attributes": {
              "bucket_name": {
                "type": "string",
                "description_kind": "plain",
                "computed": true
              },
              "file_prefix_name": {
                "type": "string",
                "description_kind": "plain",
                "computed": true
              },
              "id": {
                "type": "string",
                "description_kind": "plain",
                "optional": true,
                "computed": true
              },
              "is_lts_enabled": {
                "type": "bool",
                "description_kind": "plain",
                "computed": true
              },
              "log_group_name": {
                "type": "string",
                "description_kind": "plain",
                "computed": true
              },
              "log_topic_name": {
                "type": "string",
                "description_kind": "plain",
                "computed": true
              },
              "region": {
                "type": "string",
                "description_kind": "plain",
                "computed": true
              },
              "status": {
                "type": "string",
                "description_kind": "plain",
                "computed": true
              },
              "tracker_name": {
                "type": "string",
                "description_kind": "plain",
                "optional": true,
                "computed": true
              }
            },
            "description_kind": "plain"
          }
        },
        "opentelekomcloud_dcs_az_v1": {
          "version": 0,
          "block": {
            "attributes": {
              "code": {
                "type": "string",
                "description_kind": "plain",
                "optional": true,
                "computed": true
              },
              "id": {
                "type": "string",
                "description_kind": "plain",
                "optional": true,
                "computed": true
              },
              "name": {
                "type": "string",
                "description_kind": "plain",
                "optional": true,
                "computed": true
              },
              "port": {
                "type": "string",
                "description_kind": "plain",
                "optional": true,
                "computed": true
              }
            },
            "description_kind": "plain"
          }
        },
        "opentelekomcloud_dcs_maintainwindow_v1": {
          "version": 0,
          "block": {
            "attributes": {
              "begin": {
                "type": "string",
                "description_kind": "plain",
                "optional": true,
                "computed": true
              },
              "default": {
                "type": "bool",
                "description_kind": "plain",
                "optional": true,
                "computed": true
              },
              "end": {
                "type": "string",
                "description_kind": "plain",
                "optional": true,
                "computed": true
              },
              "id": {
                "type": "string",
                "description_kind": "plain",
                "optional": true,
                "computed": true
              },
              "seq": {
                "type": "number",
                "description_kind": "plain",
                "optional": true,
                "computed": true
              }
            },
            "description_kind": "plain"
          }
        },
        "opentelekomcloud_dcs_product_v1": {
          "version": 0,
          "block": {
            "attributes": {
              "id": {
                "type": "string",
                "description_kind": "plain",
                "optional": true,
                "computed": true
              },
              "spec_code": {
                "type": "string",
                "description_kind": "plain",
                "optional": true,
                "computed": true
              }
            },
            "description_kind": "plain"
          }
        },
        "opentelekomcloud_dds_flavors_v3": {
          "version": 0,
          "block": {
            "attributes": {
              "engine_name": {
                "type": "string",
                "description_kind": "plain",
                "required": true
              },
              "flavors": {
                "type": [
                  "list",
                  [
                    "object",
                    {
                      "az_status": [
                        "map",
                        "string"
                      ],
                      "memory": "string",
                      "spec_code": "string",
                      "type": "string",
                      "vcpus": "string"
                    }
                  ]
                ],
                "description_kind": "plain",
                "computed": true
              },
              "id": {
                "type": "string",
                "description_kind": "plain",
                "optional": true,
                "computed": true
              },
              "memory": {
                "type": "string",
                "description_kind": "plain",
                "optional": true
              },
              "region": {
                "type": "string",
                "description_kind": "plain",
                "computed": true
              },
              "type": {
                "type": "string",
                "description_kind": "plain",
                "optional": true
              },
              "vcpus": {
                "type": "string",
                "description_kind": "plain",
                "optional": true
              }
            },
            "description_kind": "plain"
          }
        },
        "opentelekomcloud_dds_instance_v3": {
          "version": 0,
          "block": {
            "attributes": {
              "backup_strategy": {
                "type": [
                  "list",
                  [
                    "object",
                    {
                      "keep_days": "number",
                      "start_time": "string"
                    }
                  ]
                ],
                "description_kind": "plain",
                "computed": true
              },
              "datastore": {
                "type": [
                  "list",
                  [
                    "object",
                    {
                      "storage_engine": "string",
                      "type": "string",
                      "version": "string"
                    }
                  ]
                ],
                "description_kind": "plain",
                "computed": true
              },
              "datastore_type": {
                "type": "string",
                "description_kind": "plain",
                "optional": true
              },
              "db_username": {
                "type": "string",
                "description_kind": "plain",
                "computed": true
              },
              "disk_encryption_id": {
                "type": "string",
                "description_kind": "plain",
                "computed": true
              },
              "id": {
                "type": "string",
                "description_kind": "plain",
                "optional": true,
                "computed": true
              },
              "instance_id": {
                "type": "string",
                "description_kind": "plain",
                "optional": true
              },
              "mode": {
                "type": "string",
                "description_kind": "plain",
                "computed": true
              },
              "name": {
                "type": "string",
                "description_kind": "plain",
                "optional": true
              },
              "nodes": {
                "type": [
                  "list",
                  [
                    "object",
                    {
                      "id": "string",
                      "name": "string",
                      "private_ip": "string",
                      "public_ip": "string",
                      "role": "string",
                      "status": "string",
                      "type": "string"
                    }
                  ]
                ],
                "description_kind": "plain",
                "computed": true
              },
              "pay_mode": {
                "type": "string",
                "description_kind": "plain",
                "computed": true
              },
              "port": {
                "type": "number",
                "description_kind": "plain",
                "computed": true
              },
              "region": {
                "type": "string",
                "description_kind": "plain",
                "computed": true
              },
              "security_group_id": {
                "type": "string",
                "description_kind": "plain",
                "computed": true
              },
              "ssl": {
                "type": "bool",
                "description_kind": "plain",
                "computed": true
              },
              "status": {
                "type": "string",
                "description_kind": "plain",
                "computed": true
              },
              "subnet_id": {
                "type": "string",
                "description_kind": "plain",
                "optional": true
              },
              "vpc_id": {
                "type": "string",
                "description_kind": "plain",
                "optional": true
              }
            },
            "description_kind": "plain"
          }
        },
        "opentelekomcloud_deh_host_v1": {
          "version": 0,
          "block": {
            "attributes": {
              "auto_placement": {
                "type": "string",
                "description_kind": "plain",
                "computed": true
              },
              "availability_zone": {
                "type": "string",
                "description_kind": "plain",
                "optional": true
              },
              "available_instance_capacities": {
                "type": [
                  "list",
                  [
                    "object",
                    {
                      "flavor": "string"
                    }
                  ]
                ],
                "description_kind": "plain",
                "computed": true
              },
              "available_memory": {
                "type": "number",
                "description_kind": "plain",
                "computed": true
              },
              "available_vcpus": {
                "type": "number",
                "description_kind": "plain",
                "computed": true
              },
              "cores": {
                "type": "number",
                "description_kind": "plain",
                "computed": true
              },
              "host_type": {
                "type": "string",
                "description_kind": "plain",
                "computed": true
              },
              "host_type_name": {
                "type": "string",
                "description_kind": "plain",
                "computed": true
              },
              "id": {
                "type": "string",
                "description_kind": "plain",
                "optional": true
              },
              "instance_total": {
                "type": "number",
                "description_kind": "plain",
                "computed": true
              },
              "instance_uuids": {
                "type": [
                  "list",
                  "string"
                ],
                "description_kind": "plain",
                "computed": true
              },
              "memory": {
                "type": "number",
                "description_kind": "plain",
                "computed": true
              },
              "name": {
                "type": "string",
                "description_kind": "plain",
                "optional": true
              },
              "region": {
                "type": "string",
                "description_kind": "plain",
                "optional": true,
                "computed": true
              },
              "sockets": {
                "type": "number",
                "description_kind": "plain",
                "computed": true
              },
              "status": {
                "type": "string",
                "description_kind": "plain",
                "optional": true
              },
              "tenant_id": {
                "type": "string",
                "description_kind": "plain",
                "computed": true
              },
              "vcpus": {
                "type": "number",
                "description_kind": "plain",
                "computed": true
              }
            },
            "description_kind": "plain"
          }
        },
        "opentelekomcloud_deh_server_v1": {
          "version": 0,
          "block": {
            "attributes": {
              "dedicated_host_id": {
                "type": "string",
                "description_kind": "plain",
                "optional": true
              },
              "flavor": {
                "type": [
                  "map",
                  "string"
                ],
                "description_kind": "plain",
                "computed": true
              },
              "id": {
                "type": "string",
                "description_kind": "plain",
                "optional": true,
                "computed": true
              },
              "metadata": {
                "type": [
                  "map",
                  "string"
                ],
                "description_kind": "plain",
                "computed": true
              },
              "name": {
                "type": "string",
                "description_kind": "plain",
                "computed": true
              },
              "region": {
                "type": "string",
                "description_kind": "plain",
                "optional": true,
                "computed": true
              },
              "server_id": {
                "type": "string",
                "description_kind": "plain",
                "optional": true
              },
              "status": {
                "type": "string",
                "description_kind": "plain",
                "computed": true
              },
              "tenant_id": {
                "type": "string",
                "description_kind": "plain",
                "computed": true
              },
              "user_id": {
                "type": "string",
                "description_kind": "plain",
                "computed": true
              }
            },
            "block_types": {
              "addresses": {
                "nesting_mode": "list",
                "block": {
                  "attributes": {
                    "fixed_ip_v4": {
                      "type": "string",
                      "description_kind": "plain",
                      "optional": true,
                      "computed": true
                    },
                    "name": {
                      "type": "string",
                      "description_kind": "plain",
                      "optional": true,
                      "computed": true
                    }
                  },
                  "description_kind": "plain"
                }
              }
            },
            "description_kind": "plain"
          }
        },
        "opentelekomcloud_dms_az_v1": {
          "version": 0,
          "block": {
            "attributes": {
              "code": {
                "type": "string",
                "description_kind": "plain",
                "optional": true,
                "computed": true
              },
              "id": {
                "type": "string",
                "description_kind": "plain",
                "optional": true,
                "computed": true
              },
              "name": {
                "type": "string",
                "description_kind": "plain",
                "optional": true,
                "computed": true
              },
              "port": {
                "type": "string",
                "description_kind": "plain",
                "optional": true,
                "computed": true
              }
            },
            "description_kind": "plain"
          }
        },
        "opentelekomcloud_dms_maintainwindow_v1": {
          "version": 0,
          "block": {
            "attributes": {
              "begin": {
                "type": "string",
                "description_kind": "plain",
                "optional": true,
                "computed": true
              },
              "default": {
                "type": "bool",
                "description_kind": "plain",
                "optional": true,
                "computed": true
              },
              "end": {
                "type": "string",
                "description_kind": "plain",
                "optional": true,
                "computed": true
              },
              "id": {
                "type": "string",
                "description_kind": "plain",
                "optional": true,
                "computed": true
              },
              "seq": {
                "type": "number",
                "description_kind": "plain",
                "optional": true,
                "computed": true
              }
            },
            "description_kind": "plain"
          }
        },
        "opentelekomcloud_dms_product_v1": {
          "version": 0,
          "block": {
            "attributes": {
              "bandwidth": {
                "type": "string",
                "description_kind": "plain",
                "optional": true
              },
              "engine": {
                "type": "string",
                "description_kind": "plain",
                "required": true
              },
              "id": {
                "type": "string",
                "description_kind": "plain",
                "optional": true,
                "computed": true
              },
              "instance_type": {
                "type": "string",
                "description_kind": "plain",
                "required": true
              },
              "io_type": {
                "type": "string",
                "description_kind": "plain",
                "optional": true,
                "computed": true
              },
              "node_num": {
                "type": "string",
                "description_kind": "plain",
                "optional": true,
                "computed": true
              },
              "partition_num": {
                "type": "string",
                "description_kind": "plain",
                "optional": true
              },
              "storage": {
                "type": "string",
                "description_kind": "plain",
                "optional": true,
                "computed": true
              },
              "storage_spec_code": {
                "type": "string",
                "description_kind": "plain",
                "optional": true,
                "computed": true
              },
              "version": {
                "type": "string",
                "description_kind": "plain",
                "optional": true,
                "computed": true
              },
              "vm_specification": {
                "type": "string",
                "description_kind": "plain",
                "optional": true,
                "computed": true
              }
            },
            "description_kind": "plain"
          }
        },
        "opentelekomcloud_dns_nameservers_v2": {
          "version": 0,
          "block": {
            "attributes": {
              "id": {
                "type": "string",
                "description_kind": "plain",
                "optional": true,
                "computed": true
              },
              "zone_id": {
                "type": "string",
                "description_kind": "plain",
                "optional": true,
                "computed": true
              }
            },
            "block_types": {
              "nameservers": {
                "nesting_mode": "list",
                "block": {
                  "attributes": {
                    "hostname": {
                      "type": "string",
                      "description_kind": "plain",
                      "optional": true
                    },
                    "priority": {
                      "type": "number",
                      "description_kind": "plain",
                      "optional": true
                    }
                  },
                  "description_kind": "plain"
                }
              }
            },
            "description_kind": "plain"
          }
        },
        "opentelekomcloud_dns_zone_v2": {
          "version": 0,
          "block": {
            "attributes": {
              "created_at": {
                "type": "string",
                "description_kind": "plain",
                "computed": true
              },
              "description": {
                "type": "string",
                "description_kind": "plain",
                "optional": true,
                "computed": true
              },
              "email": {
                "type": "string",
                "description_kind": "plain",
                "optional": true,
                "computed": true
              },
              "id": {
                "type": "string",
                "description_kind": "plain",
                "optional": true,
                "computed": true
              },
              "links": {
                "type": [
                  "map",
                  "string"
                ],
                "description_kind": "plain",
                "computed": true
              },
              "masters": {
                "type": [
                  "set",
                  "string"
                ],
                "description_kind": "plain",
                "computed": true
              },
              "name": {
                "type": "string",
                "description_kind": "plain",
                "optional": true,
                "computed": true
              },
              "pool_id": {
                "type": "string",
                "description_kind": "plain",
                "computed": true
              },
              "project_id": {
                "type": "string",
                "description_kind": "plain",
                "computed": true
              },
              "serial": {
                "type": "number",
                "description_kind": "plain",
                "computed": true
              },
              "status": {
                "type": "string",
                "description_kind": "plain",
                "optional": true,
                "computed": true
              },
              "tags": {
                "type": [
                  "map",
                  "string"
                ],
                "description_kind": "plain",
                "optional": true
              },
              "ttl": {
                "type": "number",
                "description_kind": "plain",
                "optional": true,
                "computed": true
              },
              "updated_at": {
                "type": "string",
                "description_kind": "plain",
                "computed": true
              },
              "zone_type": {
                "type": "string",
                "description_kind": "plain",
                "optional": true,
                "computed": true
              }
            },
            "description_kind": "plain"
          }
        },
        "opentelekomcloud_dws_flavors_v2": {
          "version": 0,
          "block": {
            "attributes": {
              "availability_zone": {
                "type": "string",
                "description_kind": "plain",
                "optional": true
              },
              "flavors": {
                "type": [
                  "list",
                  [
                    "object",
                    {
                      "availability_zone": "string",
                      "flavor_id": "string",
                      "memory": "number",
                      "size": "number",
                      "vcpus": "number",
                      "volumetype": "string"
                    }
                  ]
                ],
                "description_kind": "plain",
                "computed": true
              },
              "id": {
                "type": "string",
                "description_kind": "plain",
                "optional": true,
                "computed": true
              },
              "memory": {
                "type": "number",
                "description_kind": "plain",
                "optional": true
              },
              "region": {
                "type": "string",
                "description_kind": "plain",
                "optional": true,
                "computed": true
              },
              "vcpus": {
                "type": "number",
                "description_kind": "plain",
                "optional": true
              }
            },
            "description_kind": "plain"
          }
        },
        "opentelekomcloud_identity_agency_v3": {
          "version": 0,
          "block": {
            "attributes": {
              "create_time": {
                "type": "string",
                "description_kind": "plain",
                "computed": true
              },
              "description": {
                "type": "string",
                "description_kind": "plain",
                "computed": true
              },
              "duration": {
                "type": "string",
                "description_kind": "plain",
                "computed": true
              },
              "expire_time": {
                "type": "string",
                "description_kind": "plain",
                "computed": true
              },
              "id": {
                "type": "string",
                "description_kind": "plain",
                "optional": true,
                "computed": true
              },
              "name": {
                "type": "string",
                "description_kind": "plain",
                "optional": true
              },
              "trust_domain_id": {
                "type": "string",
                "description_kind": "plain",
                "optional": true
              },
              "trust_domain_name": {
                "type": "string",
                "description_kind": "plain",
                "computed": true
              }
            },
            "description_kind": "plain"
          }
        },
        "opentelekomcloud_identity_auth_scope_v3": {
          "version": 0,
          "block": {
            "attributes": {
              "domain_id": {
                "type": "string",
                "description_kind": "plain",
                "computed": true
              },
              "domain_name": {
                "type": "string",
                "description_kind": "plain",
                "computed": true
              },
              "id": {
                "type": "string",
                "description_kind": "plain",
                "optional": true,
                "computed": true
              },
              "name": {
                "type": "string",
                "description_kind": "plain",
                "required": true
              },
              "project_domain_id": {
                "type": "string",
                "description_kind": "plain",
                "computed": true
              },
              "project_domain_name": {
                "type": "string",
                "description_kind": "plain",
                "computed": true
              },
              "project_id": {
                "type": "string",
                "description_kind": "plain",
                "computed": true
              },
              "project_name": {
                "type": "string",
                "description_kind": "plain",
                "computed": true
              },
              "region": {
                "type": "string",
                "description_kind": "plain",
                "optional": true,
                "computed": true
              },
              "roles": {
                "type": [
                  "list",
                  [
                    "object",
                    {
                      "role_id": "string",
                      "role_name": "string"
                    }
                  ]
                ],
                "description_kind": "plain",
                "computed": true
              },
              "user_domain_id": {
                "type": "string",
                "description_kind": "plain",
                "computed": true
              },
              "user_domain_name": {
                "type": "string",
                "description_kind": "plain",
                "computed": true
              },
              "user_id": {
                "type": "string",
                "description_kind": "plain",
                "computed": true
              },
              "user_name": {
                "type": "string",
                "description_kind": "plain",
                "computed": true
              }
            },
            "description_kind": "plain"
          }
        },
        "opentelekomcloud_identity_credential_v3": {
          "version": 0,
          "block": {
            "attributes": {
              "credentials": {
                "type": [
                  "list",
                  [
                    "object",
                    {
                      "access": "string",
                      "create_time": "string",
                      "description": "string",
                      "status": "string",
                      "user_id": "string"
                    }
                  ]
                ],
                "description_kind": "plain",
                "computed": true
              },
              "id": {
                "type": "string",
                "description_kind": "plain",
                "optional": true,
                "computed": true
              },
              "user_id": {
                "type": "string",
                "description_kind": "plain",
                "optional": true
              }
            },
            "description_kind": "plain"
          }
        },
        "opentelekomcloud_identity_group_v3": {
          "version": 0,
          "block": {
            "attributes": {
              "domain_id": {
                "type": "string",
                "description_kind": "plain",
                "optional": true,
                "computed": true
              },
              "id": {
                "type": "string",
                "description_kind": "plain",
                "optional": true,
                "computed": true
              },
              "name": {
                "type": "string",
                "description_kind": "plain",
                "required": true
              },
              "region": {
                "type": "string",
                "description_kind": "plain",
                "optional": true,
                "computed": true
              }
            },
            "description_kind": "plain"
          }
        },
        "opentelekomcloud_identity_project_v3": {
          "version": 0,
          "block": {
            "attributes": {
              "description": {
                "type": "string",
                "description_kind": "plain",
                "computed": true
              },
              "domain_id": {
                "type": "string",
                "description_kind": "plain",
                "optional": true,
                "computed": true
              },
              "enabled": {
                "type": "bool",
                "description_kind": "plain",
                "optional": true,
                "computed": true
              },
              "id": {
                "type": "string",
                "description_kind": "plain",
                "optional": true,
                "computed": true
              },
              "is_domain": {
                "type": "bool",
                "description_kind": "plain",
                "optional": true,
                "computed": true
              },
              "name": {
                "type": "string",
                "description_kind": "plain",
                "optional": true
              },
              "parent_id": {
                "type": "string",
                "description_kind": "plain",
                "optional": true
              },
              "region": {
                "type": "string",
                "description_kind": "plain",
                "computed": true
              }
            },
            "description_kind": "plain"
          }
        },
        "opentelekomcloud_identity_projects_v3": {
          "version": 0,
          "block": {
            "attributes": {
              "id": {
                "type": "string",
                "description_kind": "plain",
                "optional": true,
                "computed": true
              },
              "projects": {
                "type": [
                  "list",
                  [
                    "object",
                    {
                      "description": "string",
                      "domain_id": "string",
                      "enabled": "bool",
                      "is_domain": "bool",
                      "name": "string",
                      "parent_id": "string"
                    }
                  ]
                ],
                "description_kind": "plain",
                "computed": true
              },
              "region": {
                "type": "string",
                "description_kind": "plain",
                "computed": true
              }
            },
            "description_kind": "plain"
          }
        },
        "opentelekomcloud_identity_role_custom_v3": {
          "version": 0,
          "block": {
            "attributes": {
              "description": {
                "type": "string",
                "description_kind": "plain",
                "computed": true
              },
              "display_name": {
                "type": "string",
                "description_kind": "plain",
                "optional": true,
                "computed": true
              },
              "domain_id": {
                "type": "string",
                "description_kind": "plain",
                "computed": true
              },
              "id": {
                "type": "string",
                "description_kind": "plain",
                "optional": true,
                "computed": true
              },
              "name": {
                "type": "string",
                "description_kind": "plain",
                "computed": true
              },
              "statement": {
                "type": [
                  "list",
                  [
                    "object",
                    {
                      "action": [
                        "list",
                        "string"
                      ],
                      "condition": "string",
                      "effect": "string",
                      "resource": [
                        "list",
                        "string"
                      ]
                    }
                  ]
                ],
                "description_kind": "plain",
                "computed": true
              },
              "type": {
                "type": "string",
                "description_kind": "plain",
                "optional": true
              }
            },
            "description_kind": "plain"
          }
        },
        "opentelekomcloud_identity_role_v3": {
          "version": 0,
          "block": {
            "attributes": {
              "domain_id": {
                "type": "string",
                "description_kind": "plain",
                "optional": true,
                "computed": true
              },
              "id": {
                "type": "string",
                "description_kind": "plain",
                "optional": true,
                "computed": true
              },
              "name": {
                "type": "string",
                "description_kind": "plain",
                "required": true
              },
              "region": {
                "type": "string",
                "description_kind": "plain",
                "optional": true,
                "computed": true
              }
            },
            "description_kind": "plain"
          }
        },
        "opentelekomcloud_identity_user_v3": {
          "version": 0,
          "block": {
            "attributes": {
              "domain_id": {
                "type": "string",
                "description_kind": "plain",
                "optional": true,
                "computed": true
              },
              "enabled": {
                "type": "bool",
                "description_kind": "plain",
                "optional": true
              },
              "id": {
                "type": "string",
                "description_kind": "plain",
                "optional": true,
                "computed": true
              },
              "mfa_device": {
                "type": "string",
                "description_kind": "plain",
                "computed": true
              },
              "name": {
                "type": "string",
                "description_kind": "plain",
                "optional": true
              },
              "password_expires_at": {
                "type": "string",
                "description_kind": "plain",
                "computed": true
              }
            },
            "description_kind": "plain"
          }
        },
        "opentelekomcloud_images_image_v2": {
          "version": 0,
          "block": {
            "attributes": {
              "checksum": {
                "type": "string",
                "description_kind": "plain",
                "computed": true
              },
              "container_format": {
                "type": "string",
                "description_kind": "plain",
                "computed": true
              },
              "created_at": {
                "type": "string",
                "description_kind": "plain",
                "computed": true
              },
              "disk_format": {
                "type": "string",
                "description_kind": "plain",
                "computed": true
              },
              "file": {
                "type": "string",
                "description_kind": "plain",
                "computed": true
              },
              "id": {
                "type": "string",
                "description_kind": "plain",
                "optional": true,
                "computed": true
              },
              "metadata": {
                "type": [
                  "map",
                  "string"
                ],
                "description_kind": "plain",
                "computed": true
              },
              "min_disk_gb": {
                "type": "number",
                "description_kind": "plain",
                "computed": true
              },
              "min_ram_mb": {
                "type": "number",
                "description_kind": "plain",
                "computed": true
              },
              "most_recent": {
                "type": "bool",
                "description_kind": "plain",
                "optional": true
              },
              "name": {
                "type": "string",
                "description_kind": "plain",
                "optional": true
              },
              "name_regex": {
                "type": "string",
                "description_kind": "plain",
                "optional": true
              },
              "owner": {
                "type": "string",
                "description_kind": "plain",
                "optional": true
              },
              "properties": {
                "type": [
                  "map",
                  "string"
                ],
                "description_kind": "plain",
                "optional": true
              },
              "protected": {
                "type": "bool",
                "description_kind": "plain",
                "computed": true
              },
              "region": {
                "type": "string",
                "description_kind": "plain",
                "optional": true,
                "computed": true
              },
              "schema": {
                "type": "string",
                "description_kind": "plain",
                "computed": true
              },
              "size_bytes": {
                "type": "number",
                "description_kind": "plain",
                "computed": true
              },
              "size_max": {
                "type": "number",
                "description_kind": "plain",
                "optional": true
              },
              "size_min": {
                "type": "number",
                "description_kind": "plain",
                "optional": true
              },
              "sort_direction": {
                "type": "string",
                "description_kind": "plain",
                "optional": true
              },
              "sort_key": {
                "type": "string",
                "description_kind": "plain",
                "optional": true
              },
              "tag": {
                "type": "string",
                "description_kind": "plain",
                "optional": true
              },
              "tags": {
                "type": [
                  "set",
                  "string"
                ],
                "description_kind": "plain",
                "computed": true
              },
              "updated_at": {
                "type": "string",
                "description_kind": "plain",
                "computed": true
              },
              "visibility": {
                "type": "string",
                "description_kind": "plain",
                "optional": true
              }
            },
            "description_kind": "plain"
          }
        },
        "opentelekomcloud_kms_data_key_v1": {
          "version": 0,
          "block": {
            "attributes": {
              "cipher_text": {
                "type": "string",
                "description_kind": "plain",
                "computed": true
              },
              "datakey_length": {
                "type": "string",
                "description_kind": "plain",
                "required": true
              },
              "encryption_context": {
                "type": "string",
                "description_kind": "plain",
                "optional": true
              },
              "id": {
                "type": "string",
                "description_kind": "plain",
                "optional": true,
                "computed": true
              },
              "key_id": {
                "type": "string",
                "description_kind": "plain",
                "required": true
              },
              "plain_text": {
                "type": "string",
                "description_kind": "plain",
                "computed": true
              }
            },
            "description_kind": "plain"
          }
        },
        "opentelekomcloud_kms_key_v1": {
          "version": 0,
          "block": {
            "attributes": {
              "creation_date": {
                "type": "string",
                "description_kind": "plain",
                "computed": true
              },
              "default_key_flag": {
                "type": "string",
                "description_kind": "plain",
                "optional": true,
                "computed": true
              },
              "domain_id": {
                "type": "string",
                "description_kind": "plain",
                "optional": true,
                "computed": true
              },
              "expiration_time": {
                "type": "string",
                "description_kind": "plain",
                "computed": true
              },
              "id": {
                "type": "string",
                "description_kind": "plain",
                "optional": true,
                "computed": true
              },
              "key_alias": {
                "type": "string",
                "description_kind": "plain",
                "optional": true,
                "computed": true
              },
              "key_description": {
                "type": "string",
                "description_kind": "plain",
                "optional": true,
                "computed": true
              },
              "key_id": {
                "type": "string",
                "description_kind": "plain",
                "optional": true,
                "computed": true
              },
              "key_state": {
                "type": "string",
                "description_kind": "plain",
                "optional": true,
                "computed": true
              },
              "origin": {
                "type": "string",
                "description_kind": "plain",
                "optional": true,
                "computed": true
              },
              "realm": {
                "type": "string",
                "description_kind": "plain",
                "optional": true,
                "computed": true
              },
              "scheduled_deletion_date": {
                "type": "string",
                "description_kind": "plain",
                "computed": true
              }
            },
            "description_kind": "plain"
          }
        },
        "opentelekomcloud_lb_certificate_v3": {
          "version": 0,
          "block": {
            "attributes": {
              "certificate": {
                "type": "string",
                "description_kind": "plain",
                "computed": true
              },
              "created_at": {
                "type": "string",
                "description_kind": "plain",
                "computed": true
              },
              "description": {
                "type": "string",
                "description_kind": "plain",
                "computed": true
              },
              "domain": {
                "type": "string",
                "description_kind": "plain",
                "optional": true,
                "computed": true
              },
              "expire_time": {
                "type": "string",
                "description_kind": "plain",
                "computed": true
              },
              "id": {
                "type": "string",
                "description_kind": "plain",
                "optional": true,
                "computed": true
              },
              "name": {
                "type": "string",
                "description_kind": "plain",
                "optional": true,
                "computed": true
              },
              "private_key": {
                "type": "string",
                "description_kind": "plain",
                "computed": true
              },
              "type": {
                "type": "string",
                "description_kind": "plain",
                "optional": true,
                "computed": true
              },
              "updated_at": {
                "type": "string",
                "description_kind": "plain",
                "computed": true
              }
            },
            "description_kind": "plain"
          }
        },
        "opentelekomcloud_lb_flavor_v3": {
          "version": 0,
          "block": {
            "attributes": {
              "bandwidth": {
                "type": "number",
                "description_kind": "plain",
                "computed": true
              },
              "cps": {
                "type": "number",
                "description_kind": "plain",
                "computed": true
              },
              "id": {
                "type": "string",
                "description_kind": "plain",
                "optional": true,
                "computed": true
              },
              "max_connections": {
                "type": "number",
                "description_kind": "plain",
                "computed": true
              },
              "name": {
                "type": "string",
                "description_kind": "plain",
                "optional": true,
                "computed": true
              },
              "qps": {
                "type": "number",
                "description_kind": "plain",
                "computed": true
              },
              "shared": {
                "type": "bool",
                "description_kind": "plain",
                "computed": true
              },
              "type": {
                "type": "string",
                "description_kind": "plain",
                "computed": true
              }
            },
            "description_kind": "plain"
          }
        },
        "opentelekomcloud_lb_flavors_v3": {
          "version": 0,
          "block": {
            "attributes": {
              "flavors": {
                "type": [
                  "set",
                  "string"
                ],
                "description_kind": "plain",
                "computed": true
              },
              "id": {
                "type": "string",
                "description_kind": "plain",
                "optional": true,
                "computed": true
              },
              "name": {
                "type": "string",
                "description_kind": "plain",
                "optional": true,
                "computed": true
              }
            },
            "description_kind": "plain"
          }
        },
        "opentelekomcloud_lb_listener_v3": {
          "version": 0,
          "block": {
            "attributes": {
              "admin_state_up": {
                "type": "bool",
                "description_kind": "plain",
                "computed": true
              },
              "client_ca_tls_container_ref": {
                "type": "string",
                "description_kind": "plain",
                "optional": true
              },
              "client_timeout": {
                "type": "number",
                "description_kind": "plain",
                "optional": true
              },
              "created_at": {
                "type": "string",
                "description_kind": "plain",
                "computed": true
              },
              "default_pool_id": {
                "type": "string",
                "description_kind": "plain",
                "optional": true
              },
              "default_tls_container_ref": {
                "type": "string",
                "description_kind": "plain",
                "optional": true
              },
              "description": {
                "type": "string",
                "description_kind": "plain",
                "optional": true
              },
              "http2_enable": {
                "type": "bool",
                "description_kind": "plain",
                "computed": true
              },
              "id": {
                "type": "string",
                "description_kind": "plain",
                "optional": true
              },
              "insert_headers": {
                "type": [
                  "list",
                  [
                    "object",
                    {
                      "forward_elb_ip": "bool",
                      "forwarded_for_port": "bool",
                      "forwarded_host": "bool",
                      "forwarded_port": "bool"
                    }
                  ]
                ],
                "description_kind": "plain",
                "computed": true
              },
              "keep_alive_timeout": {
                "type": "number",
                "description_kind": "plain",
                "optional": true
              },
              "loadbalancer_id": {
                "type": "string",
                "description_kind": "plain",
                "optional": true
              },
              "member_address": {
                "type": "string",
                "description_kind": "plain",
                "optional": true
              },
              "member_device_id": {
                "type": "string",
                "description_kind": "plain",
                "optional": true
              },
              "member_retry_enable": {
                "type": "bool",
                "description_kind": "plain",
                "computed": true
              },
              "member_timeout": {
                "type": "number",
                "description_kind": "plain",
                "optional": true
              },
              "memory_retry_enable": {
                "type": "bool",
                "description_kind": "plain",
                "computed": true
              },
              "name": {
                "type": "string",
                "description_kind": "plain",
                "optional": true
              },
              "project_id": {
                "type": "string",
                "description_kind": "plain",
                "computed": true
              },
              "protocol": {
                "type": "string",
                "description_kind": "plain",
                "optional": true
              },
              "protocol_port": {
                "type": "number",
                "description_kind": "plain",
                "optional": true
              },
              "sni_container_refs": {
                "type": [
                  "set",
                  "string"
                ],
                "description_kind": "plain",
                "computed": true
              },
              "tags": {
                "type": [
                  "map",
                  "string"
                ],
                "description_kind": "plain",
                "computed": true
              },
              "tls_ciphers_policy": {
                "type": "string",
                "description_kind": "plain",
                "optional": true
              },
              "updated_at": {
                "type": "string",
                "description_kind": "plain",
                "computed": true
              }
            },
            "description_kind": "plain"
          }
        },
        "opentelekomcloud_lb_loadbalancer_v3": {
          "version": 0,
          "block": {
            "attributes": {
              "admin_state_up": {
                "type": "bool",
                "description_kind": "plain",
                "computed": true
              },
              "availability_zones": {
                "type": [
                  "set",
                  "string"
                ],
                "description_kind": "plain",
                "computed": true
              },
              "created_at": {
                "type": "string",
                "description_kind": "plain",
                "computed": true
              },
              "description": {
                "type": "string",
                "description_kind": "plain",
                "computed": true
              },
              "id": {
                "type": "string",
                "description_kind": "plain",
                "optional": true,
                "computed": true
              },
              "ip_target_enable": {
                "type": "bool",
                "description_kind": "plain",
                "computed": true
              },
              "l4_flavor": {
                "type": "string",
                "description_kind": "plain",
                "optional": true,
                "computed": true
              },
              "l7_flavor": {
                "type": "string",
                "description_kind": "plain",
                "optional": true,
                "computed": true
              },
              "name": {
                "type": "string",
                "description_kind": "plain",
                "optional": true,
                "computed": true
              },
              "network_ids": {
                "type": [
                  "set",
                  "string"
                ],
                "description_kind": "plain",
                "computed": true
              },
              "public_ip": {
                "type": [
                  "list",
                  [
                    "object",
                    {
                      "address": "string",
                      "bandwidth_charge_mode": "string",
                      "bandwidth_name": "string",
                      "bandwidth_share_type": "string",
                      "bandwidth_size": "number",
                      "id": "string",
                      "ip_type": "string"
                    }
                  ]
                ],
                "description_kind": "plain",
                "computed": true
              },
              "router_id": {
                "type": "string",
                "description_kind": "plain",
                "optional": true,
                "computed": true
              },
              "subnet_id": {
                "type": "string",
                "description_kind": "plain",
                "optional": true,
                "computed": true
              },
              "tags": {
                "type": [
                  "map",
                  "string"
                ],
                "description_kind": "plain",
                "computed": true
              },
              "updated_at": {
                "type": "string",
                "description_kind": "plain",
                "computed": true
              },
              "vip_address": {
                "type": "string",
                "description_kind": "plain",
                "optional": true,
                "computed": true
              },
              "vip_port_id": {
                "type": "string",
                "description_kind": "plain",
                "optional": true,
                "computed": true
              }
            },
            "description_kind": "plain"
          }
        },
        "opentelekomcloud_lb_member_ids_v2": {
          "version": 0,
          "block": {
            "attributes": {
              "id": {
                "type": "string",
                "description_kind": "plain",
                "optional": true,
                "computed": true
              },
              "ids": {
                "type": [
                  "set",
                  "string"
                ],
                "description_kind": "plain",
                "computed": true
              },
              "pool_id": {
                "type": "string",
                "description_kind": "plain",
                "required": true
              },
              "region": {
                "type": "string",
                "description_kind": "plain",
                "optional": true,
                "computed": true
              }
            },
            "description_kind": "plain"
          }
        },
        "opentelekomcloud_networking_network_v2": {
          "version": 0,
          "block": {
            "attributes": {
              "admin_state_up": {
                "type": "string",
                "description_kind": "plain",
                "computed": true
              },
              "id": {
                "type": "string",
                "description_kind": "plain",
                "optional": true,
                "computed": true
              },
              "matching_subnet_cidr": {
                "type": "string",
                "description_kind": "plain",
                "optional": true
              },
              "name": {
                "type": "string",
                "description_kind": "plain",
                "optional": true
              },
              "network_id": {
                "type": "string",
                "description_kind": "plain",
                "optional": true
              },
              "region": {
                "type": "string",
                "description_kind": "plain",
                "optional": true,
                "computed": true
              },
              "shared": {
                "type": "string",
                "description_kind": "plain",
                "computed": true
              },
              "tenant_id": {
                "type": "string",
                "description": "The ID of the Tenant (Identity v2) or Project (Identity v3)\nto login with.",
                "description_kind": "plain",
                "optional": true
              }
            },
            "description_kind": "plain"
          }
        },
        "opentelekomcloud_networking_port_v2": {
          "version": 0,
          "block": {
            "attributes": {
              "admin_state_up": {
                "type": "bool",
                "description_kind": "plain",
                "optional": true
              },
              "all_fixed_ips": {
                "type": [
                  "list",
                  "string"
                ],
                "description_kind": "plain",
                "computed": true
              },
              "all_security_group_ids": {
                "type": [
                  "set",
                  "string"
                ],
                "description_kind": "plain",
                "computed": true
              },
              "device_id": {
                "type": "string",
                "description_kind": "plain",
                "optional": true
              },
              "device_owner": {
                "type": "string",
                "description_kind": "plain",
                "optional": true
              },
              "fixed_ip": {
                "type": "string",
                "description_kind": "plain",
                "optional": true
              },
              "id": {
                "type": "string",
                "description_kind": "plain",
                "optional": true,
                "computed": true
              },
              "mac_address": {
                "type": "string",
                "description_kind": "plain",
                "optional": true
              },
              "name": {
                "type": "string",
                "description_kind": "plain",
                "optional": true
              },
              "network_id": {
                "type": "string",
                "description_kind": "plain",
                "optional": true
              },
              "port_id": {
                "type": "string",
                "description_kind": "plain",
                "optional": true
              },
              "project_id": {
                "type": "string",
                "description_kind": "plain",
                "optional": true
              },
              "region": {
                "type": "string",
                "description_kind": "plain",
                "optional": true
              },
              "security_group_ids": {
                "type": [
                  "set",
                  "string"
                ],
                "description_kind": "plain",
                "optional": true
              },
              "status": {
                "type": "string",
                "description_kind": "plain",
                "optional": true
              },
              "tenant_id": {
                "type": "string",
                "description_kind": "plain",
                "optional": true
              }
            },
            "description_kind": "plain"
          }
        },
        "opentelekomcloud_networking_secgroup_rule_ids_v2": {
          "version": 0,
          "block": {
            "attributes": {
              "id": {
                "type": "string",
                "description_kind": "plain",
                "optional": true,
                "computed": true
              },
              "ids": {
                "type": [
                  "set",
                  "string"
                ],
                "description_kind": "plain",
                "computed": true
              },
              "region": {
                "type": "string",
                "description_kind": "plain",
                "optional": true,
                "computed": true
              },
              "security_group_id": {
                "type": "string",
                "description_kind": "plain",
                "required": true
              }
            },
            "description_kind": "plain"
          }
        },
        "opentelekomcloud_networking_secgroup_v2": {
          "version": 0,
          "block": {
            "attributes": {
              "description": {
                "type": "string",
                "description_kind": "plain",
                "computed": true
              },
              "id": {
                "type": "string",
                "description_kind": "plain",
                "optional": true,
                "computed": true
              },
              "name": {
                "type": "string",
                "description_kind": "plain",
                "optional": true
              },
              "region": {
                "type": "string",
                "description_kind": "plain",
                "optional": true,
                "computed": true
              },
              "secgroup_id": {
                "type": "string",
                "description_kind": "plain",
                "optional": true
              },
              "tenant_id": {
                "type": "string",
                "description_kind": "plain",
                "optional": true,
                "computed": true
              }
            },
            "description_kind": "plain"
          }
        },
        "opentelekomcloud_obs_bucket": {
          "version": 0,
          "block": {
            "attributes": {
              "bucket": {
                "type": "string",
                "description_kind": "plain",
                "required": true
              },
              "bucket_domain_name": {
                "type": "string",
                "description_kind": "plain",
                "computed": true
              },
              "cors_rule": {
                "type": [
                  "list",
                  [
                    "object",
                    {
                      "allowed_headers": [
                        "list",
                        "string"
                      ],
                      "allowed_methods": [
                        "list",
                        "string"
                      ],
                      "allowed_origins": [
                        "list",
                        "string"
                      ],
                      "expose_headers": [
                        "list",
                        "string"
                      ],
                      "max_age_seconds": "number"
                    }
                  ]
                ],
                "description_kind": "plain",
                "computed": true
              },
              "event_notifications": {
                "type": [
                  "list",
                  [
                    "object",
                    {
                      "events": [
                        "set",
                        "string"
                      ],
                      "filter_rule": [
                        "set",
                        [
                          "object",
                          {
                            "name": "string",
                            "value": "string"
                          }
                        ]
                      ],
                      "id": "string",
                      "topic": "string"
                    }
                  ]
                ],
                "description_kind": "plain",
                "computed": true
              },
              "id": {
                "type": "string",
                "description_kind": "plain",
                "optional": true,
                "computed": true
              },
              "lifecycle_rule": {
                "type": [
                  "list",
                  [
                    "object",
                    {
                      "enabled": "bool",
                      "expiration": [
                        "set",
                        [
                          "object",
                          {
                            "days": "number"
                          }
                        ]
                      ],
                      "name": "string",
                      "noncurrent_version_expiration": [
                        "set",
                        [
                          "object",
                          {
                            "days": "number"
                          }
                        ]
                      ],
                      "noncurrent_version_transition": [
                        "list",
                        [
                          "object",
                          {
                            "days": "number",
                            "storage_class": "string"
                          }
                        ]
                      ],
                      "prefix": "string",
                      "transition": [
                        "list",
                        [
                          "object",
                          {
                            "days": "number",
                            "storage_class": "string"
                          }
                        ]
                      ]
                    }
                  ]
                ],
                "description_kind": "plain",
                "computed": true
              },
              "logging": {
                "type": [
                  "set",
                  [
                    "object",
                    {
                      "target_bucket": "string",
                      "target_prefix": "string"
                    }
                  ]
                ],
                "description_kind": "plain",
                "computed": true
              },
              "region": {
                "type": "string",
                "description_kind": "plain",
                "computed": true
              },
              "server_side_encryption": {
                "type": [
                  "list",
                  [
                    "object",
                    {
                      "algorithm": "string",
                      "kms_key_id": "string"
                    }
                  ]
                ],
                "description_kind": "plain",
                "computed": true
              },
              "storage_class": {
                "type": "string",
                "description_kind": "plain",
                "computed": true
              },
              "tags": {
                "type": [
                  "map",
                  "string"
                ],
                "description_kind": "plain",
                "computed": true
              },
              "versioning": {
                "type": "bool",
                "description_kind": "plain",
                "computed": true
              },
              "website": {
                "type": [
                  "list",
                  [
                    "object",
                    {
                      "error_document": "string",
                      "index_document": "string",
                      "redirect_all_requests_to": "string",
                      "routing_rules": "string"
                    }
                  ]
                ],
                "description_kind": "plain",
                "computed": true
              }
            },
            "description_kind": "plain"
          }
        },
        "opentelekomcloud_obs_bucket_object": {
          "version": 0,
          "block": {
            "attributes": {
              "body": {
                "type": "string",
                "description_kind": "plain",
                "computed": true
              },
              "bucket": {
                "type": "string",
                "description_kind": "plain",
                "required": true
              },
              "cache_control": {
                "type": "string",
                "description_kind": "plain",
                "computed": true
              },
              "content_disposition": {
                "type": "string",
                "description_kind": "plain",
                "computed": true
              },
              "content_encoding": {
                "type": "string",
                "description_kind": "plain",
                "computed": true
              },
              "content_language": {
                "type": "string",
                "description_kind": "plain",
                "computed": true
              },
              "content_length": {
                "type": "number",
                "description_kind": "plain",
                "computed": true
              },
              "content_type": {
                "type": "string",
                "description_kind": "plain",
                "computed": true
              },
              "etag": {
                "type": "string",
                "description_kind": "plain",
                "computed": true
              },
              "expiration": {
                "type": "string",
                "description_kind": "plain",
                "computed": true
              },
              "expires": {
                "type": "string",
                "description_kind": "plain",
                "computed": true
              },
              "id": {
                "type": "string",
                "description_kind": "plain",
                "optional": true,
                "computed": true
              },
              "key": {
                "type": "string",
                "description_kind": "plain",
                "required": true
              },
              "last_modified": {
                "type": "string",
                "description_kind": "plain",
                "computed": true
              },
              "metadata": {
                "type": [
                  "map",
                  "string"
                ],
                "description_kind": "plain",
                "computed": true
              },
              "version_id": {
                "type": "string",
                "description_kind": "plain",
                "optional": true,
                "computed": true
              },
              "website_redirect_location": {
                "type": "string",
                "description_kind": "plain",
                "computed": true
              }
            },
            "description_kind": "plain"
          }
        },
        "opentelekomcloud_rds_backup_v3": {
          "version": 0,
          "block": {
            "attributes": {
              "backup_id": {
                "type": "string",
                "description_kind": "plain",
                "optional": true
              },
              "begin_time": {
                "type": "string",
                "description_kind": "plain",
                "computed": true
              },
              "databases": {
                "type": [
                  "set",
                  "string"
                ],
                "description_kind": "plain",
                "computed": true
              },
              "db_type": {
                "type": "string",
                "description_kind": "plain",
                "computed": true
              },
              "db_version": {
                "type": "string",
                "description_kind": "plain",
                "computed": true
              },
              "end_time": {
                "type": "string",
                "description_kind": "plain",
                "computed": true
              },
              "id": {
                "type": "string",
                "description_kind": "plain",
                "optional": true,
                "computed": true
              },
              "instance_id": {
                "type": "string",
                "description_kind": "plain",
                "required": true
              },
              "name": {
                "type": "string",
                "description_kind": "plain",
                "computed": true
              },
              "size": {
                "type": "number",
                "description_kind": "plain",
                "computed": true
              },
              "status": {
                "type": "string",
                "description_kind": "plain",
                "computed": true
              },
              "type": {
                "type": "string",
                "description_kind": "plain",
                "optional": true,
                "computed": true
              }
            },
            "description_kind": "plain"
          }
        },
        "opentelekomcloud_rds_flavors_v1": {
          "version": 0,
          "block": {
            "attributes": {
              "datastore_name": {
                "type": "string",
                "description_kind": "plain",
                "required": true
              },
              "datastore_version": {
                "type": "string",
                "description_kind": "plain",
                "required": true
              },
              "id": {
                "type": "string",
                "description_kind": "plain",
                "optional": true,
                "computed": true
              },
              "name": {
                "type": "string",
                "description_kind": "plain",
                "computed": true
              },
              "ram": {
                "type": "number",
                "description_kind": "plain",
                "computed": true
              },
              "region": {
                "type": "string",
                "description_kind": "plain",
                "optional": true,
                "computed": true
              },
              "speccode": {
                "type": "string",
                "description_kind": "plain",
                "optional": true,
                "computed": true
              }
            },
            "description_kind": "plain",
            "deprecated": true
          }
        },
        "opentelekomcloud_rds_flavors_v3": {
          "version": 0,
          "block": {
            "attributes": {
              "db_type": {
                "type": "string",
                "description_kind": "plain",
                "required": true
              },
              "db_version": {
                "type": "string",
                "description_kind": "plain",
                "required": true
              },
              "flavors": {
                "type": [
                  "list",
                  [
                    "object",
                    {
                      "az_status": [
                        "map",
                        "string"
                      ],
                      "memory": "number",
                      "mode": "string",
                      "name": "string",
                      "vcpus": "string"
                    }
                  ]
                ],
                "description_kind": "plain",
                "computed": true
              },
              "id": {
                "type": "string",
                "description_kind": "plain",
                "optional": true,
                "computed": true
              },
              "instance_mode": {
                "type": "string",
                "description_kind": "plain",
                "required": true
              }
            },
            "description_kind": "plain"
          }
        },
        "opentelekomcloud_rds_instance_v3": {
          "version": 0,
          "block": {
            "attributes": {
              "availability_zone": {
                "type": [
                  "list",
                  "string"
                ],
                "description_kind": "plain",
                "computed": true
              },
              "backup_strategy": {
                "type": [
                  "list",
                  [
                    "object",
                    {
                      "keep_days": "number",
                      "start_time": "string"
                    }
                  ]
                ],
                "description_kind": "plain",
                "computed": true
              },
              "created": {
                "type": "string",
                "description_kind": "plain",
                "computed": true
              },
              "datastore_type": {
                "type": "string",
                "description_kind": "plain",
                "optional": true
              },
              "datastore_version": {
                "type": "string",
                "description_kind": "plain",
                "computed": true
              },
              "db_username": {
                "type": "string",
                "description_kind": "plain",
                "computed": true
              },
              "disk_encryption_id": {
                "type": "string",
                "description_kind": "plain",
                "computed": true
              },
              "fixed_ip": {
                "type": "string",
                "description_kind": "plain",
                "computed": true
              },
              "flavor": {
                "type": "string",
                "description_kind": "plain",
                "computed": true
              },
              "ha": {
                "type": [
                  "map",
                  "string"
                ],
                "description_kind": "plain",
                "computed": true
              },
              "id": {
                "type": "string",
                "description_kind": "plain",
                "optional": true,
                "computed": true
              },
              "name": {
                "type": "string",
                "description_kind": "plain",
                "optional": true
              },
              "nodes": {
                "type": [
                  "list",
                  [
                    "object",
                    {
                      "availability_zone": "string",
                      "id": "string",
                      "name": "string",
                      "role": "string",
                      "status": "string"
                    }
                  ]
                ],
                "description_kind": "plain",
                "computed": true
              },
              "port": {
                "type": "number",
                "description_kind": "plain",
                "optional": true
              },
              "private_ips": {
                "type": [
                  "list",
                  "string"
                ],
                "description_kind": "plain",
                "computed": true
              },
              "public_ips": {
                "type": [
                  "list",
                  "string"
                ],
                "description_kind": "plain",
                "computed": true
              },
              "region": {
                "type": "string",
                "description_kind": "plain",
                "optional": true,
                "computed": true
              },
              "security_group_id": {
                "type": "string",
                "description_kind": "plain",
                "computed": true
              },
              "status": {
                "type": "string",
                "description_kind": "plain",
                "computed": true
              },
              "subnet_id": {
                "type": "string",
                "description_kind": "plain",
                "optional": true
              },
              "tags": {
                "type": [
                  "map",
                  "string"
                ],
                "description_kind": "plain",
                "computed": true
              },
              "timezone": {
                "type": "string",
                "description_kind": "plain",
                "computed": true
              },
              "type": {
                "type": "string",
                "description_kind": "plain",
                "optional": true
              },
              "updated": {
                "type": "string",
                "description_kind": "plain",
                "computed": true
              },
              "volume_size": {
                "type": "number",
                "description_kind": "plain",
                "computed": true
              },
              "volume_type": {
                "type": "string",
                "description_kind": "plain",
                "computed": true
              },
              "vpc_id": {
                "type": "string",
                "description_kind": "plain",
                "optional": true
              }
            },
            "description_kind": "plain"
          }
        },
        "opentelekomcloud_rds_versions_v3": {
          "version": 0,
          "block": {
            "attributes": {
              "database_name": {
                "type": "string",
                "description_kind": "plain",
                "required": true
              },
              "id": {
                "type": "string",
                "description_kind": "plain",
                "optional": true,
                "computed": true
              },
              "versions": {
                "type": [
                  "list",
                  "string"
                ],
                "description_kind": "plain",
                "computed": true
              }
            },
            "description_kind": "plain"
          }
        },
        "opentelekomcloud_rts_software_config_v1": {
          "version": 0,
          "block": {
            "attributes": {
              "config": {
                "type": "string",
                "description_kind": "plain",
                "computed": true
              },
              "group": {
                "type": "string",
                "description_kind": "plain",
                "computed": true
              },
              "id": {
                "type": "string",
                "description_kind": "plain",
                "optional": true
              },
              "input_values": {
                "type": [
                  "list",
                  [
                    "map",
                    "string"
                  ]
                ],
                "description_kind": "plain",
                "computed": true
              },
              "name": {
                "type": "string",
                "description_kind": "plain",
                "optional": true
              },
              "options": {
                "type": [
                  "map",
                  "string"
                ],
                "description_kind": "plain",
                "computed": true
              },
              "output_values": {
                "type": [
                  "list",
                  [
                    "map",
                    "string"
                  ]
                ],
                "description_kind": "plain",
                "computed": true
              },
              "region": {
                "type": "string",
                "description_kind": "plain",
                "optional": true,
                "computed": true
              }
            },
            "description_kind": "plain"
          }
        },
        "opentelekomcloud_rts_software_deployment_v1": {
          "version": 0,
          "block": {
            "attributes": {
              "action": {
                "type": "string",
                "description_kind": "plain",
                "optional": true
              },
              "config_id": {
                "type": "string",
                "description_kind": "plain",
                "optional": true
              },
              "id": {
                "type": "string",
                "description_kind": "plain",
                "optional": true
              },
              "input_values": {
                "type": [
                  "map",
                  "string"
                ],
                "description_kind": "plain",
                "computed": true
              },
              "output_values": {
                "type": [
                  "map",
                  "string"
                ],
                "description_kind": "plain",
                "computed": true
              },
              "region": {
                "type": "string",
                "description_kind": "plain",
                "optional": true,
                "computed": true
              },
              "server_id": {
                "type": "string",
                "description_kind": "plain",
                "optional": true
              },
              "status": {
                "type": "string",
                "description_kind": "plain",
                "optional": true
              },
              "status_reason": {
                "type": "string",
                "description_kind": "plain",
                "computed": true
              }
            },
            "description_kind": "plain"
          }
        },
        "opentelekomcloud_rts_stack_resource_v1": {
          "version": 0,
          "block": {
            "attributes": {
              "id": {
                "type": "string",
                "description_kind": "plain",
                "optional": true,
                "computed": true
              },
              "logical_resource_id": {
                "type": "string",
                "description_kind": "plain",
                "computed": true
              },
              "physical_resource_id": {
                "type": "string",
                "description_kind": "plain",
                "optional": true
              },
              "region": {
                "type": "string",
                "description_kind": "plain",
                "optional": true,
                "computed": true
              },
              "required_by": {
                "type": [
                  "set",
                  "string"
                ],
                "description_kind": "plain",
                "computed": true
              },
              "resource_name": {
                "type": "string",
                "description_kind": "plain",
                "optional": true
              },
              "resource_status": {
                "type": "string",
                "description_kind": "plain",
                "computed": true
              },
              "resource_status_reason": {
                "type": "string",
                "description_kind": "plain",
                "computed": true
              },
              "resource_type": {
                "type": "string",
                "description_kind": "plain",
                "optional": true
              },
              "stack_name": {
                "type": "string",
                "description_kind": "plain",
                "required": true
              }
            },
            "description_kind": "plain"
          }
        },
        "opentelekomcloud_rts_stack_v1": {
          "version": 0,
          "block": {
            "attributes": {
              "capabilities": {
                "type": [
                  "set",
                  "string"
                ],
                "description_kind": "plain",
                "computed": true
              },
              "disable_rollback": {
                "type": "bool",
                "description_kind": "plain",
                "computed": true
              },
              "id": {
                "type": "string",
                "description_kind": "plain",
                "optional": true,
                "computed": true
              },
              "name": {
                "type": "string",
                "description_kind": "plain",
                "required": true
              },
              "notification_topics": {
                "type": [
                  "set",
                  "string"
                ],
                "description_kind": "plain",
                "computed": true
              },
              "outputs": {
                "type": [
                  "map",
                  "string"
                ],
                "description_kind": "plain",
                "computed": true
              },
              "parameters": {
                "type": [
                  "map",
                  "string"
                ],
                "description_kind": "plain",
                "computed": true
              },
              "region": {
                "type": "string",
                "description_kind": "plain",
                "optional": true,
                "computed": true
              },
              "status": {
                "type": "string",
                "description_kind": "plain",
                "computed": true
              },
              "status_reason": {
                "type": "string",
                "description_kind": "plain",
                "computed": true
              },
              "template_body": {
                "type": "string",
                "description_kind": "plain",
                "computed": true
              },
              "timeout_mins": {
                "type": "number",
                "description_kind": "plain",
                "computed": true
              }
            },
            "description_kind": "plain"
          }
        },
        "opentelekomcloud_s3_bucket_object": {
          "version": 0,
          "block": {
            "attributes": {
              "body": {
                "type": "string",
                "description_kind": "plain",
                "computed": true
              },
              "bucket": {
                "type": "string",
                "description_kind": "plain",
                "required": true
              },
              "cache_control": {
                "type": "string",
                "description_kind": "plain",
                "computed": true
              },
              "content_disposition": {
                "type": "string",
                "description_kind": "plain",
                "computed": true
              },
              "content_encoding": {
                "type": "string",
                "description_kind": "plain",
                "computed": true
              },
              "content_language": {
                "type": "string",
                "description_kind": "plain",
                "computed": true
              },
              "content_length": {
                "type": "number",
                "description_kind": "plain",
                "computed": true
              },
              "content_type": {
                "type": "string",
                "description_kind": "plain",
                "computed": true
              },
              "etag": {
                "type": "string",
                "description_kind": "plain",
                "computed": true
              },
              "expiration": {
                "type": "string",
                "description_kind": "plain",
                "computed": true
              },
              "expires": {
                "type": "string",
                "description_kind": "plain",
                "computed": true
              },
              "id": {
                "type": "string",
                "description_kind": "plain",
                "optional": true,
                "computed": true
              },
              "key": {
                "type": "string",
                "description_kind": "plain",
                "required": true
              },
              "last_modified": {
                "type": "string",
                "description_kind": "plain",
                "computed": true
              },
              "metadata": {
                "type": [
                  "map",
                  "string"
                ],
                "description_kind": "plain",
                "computed": true
              },
              "range": {
                "type": "string",
                "description_kind": "plain",
                "optional": true
              },
              "server_side_encryption": {
                "type": "string",
                "description_kind": "plain",
                "computed": true
              },
              "sse_kms_key_id": {
                "type": "string",
                "description_kind": "plain",
                "computed": true
              },
              "version_id": {
                "type": "string",
                "description_kind": "plain",
                "optional": true,
                "computed": true
              },
              "website_redirect_location": {
                "type": "string",
                "description_kind": "plain",
                "computed": true
              }
            },
            "description_kind": "plain"
          }
        },
        "opentelekomcloud_sdrs_domain_v1": {
          "version": 0,
          "block": {
            "attributes": {
              "description": {
                "type": "string",
                "description_kind": "plain",
                "computed": true
              },
              "id": {
                "type": "string",
                "description_kind": "plain",
                "optional": true,
                "computed": true
              },
              "name": {
                "type": "string",
                "description_kind": "plain",
                "optional": true,
                "computed": true
              }
            },
            "description_kind": "plain"
          }
        },
        "opentelekomcloud_sfs_file_system_v2": {
          "version": 0,
          "block": {
            "attributes": {
              "access_level": {
                "type": "string",
                "description_kind": "plain",
                "computed": true
              },
              "access_to": {
                "type": "string",
                "description_kind": "plain",
                "computed": true
              },
              "access_type": {
                "type": "string",
                "description_kind": "plain",
                "computed": true
              },
              "availability_zone": {
                "type": "string",
                "description_kind": "plain",
                "computed": true
              },
              "description": {
                "type": "string",
                "description_kind": "plain",
                "computed": true
              },
              "export_location": {
                "type": "string",
                "description_kind": "plain",
                "computed": true
              },
              "export_locations": {
                "type": [
                  "set",
                  "string"
                ],
                "description_kind": "plain",
                "computed": true
              },
              "host": {
                "type": "string",
                "description_kind": "plain",
                "computed": true
              },
              "id": {
                "type": "string",
                "description_kind": "plain",
                "optional": true
              },
              "is_public": {
                "type": "bool",
                "description_kind": "plain",
                "computed": true
              },
              "metadata": {
                "type": [
                  "map",
                  "string"
                ],
                "description_kind": "plain",
                "computed": true
              },
              "mount_id": {
                "type": "string",
                "description_kind": "plain",
                "computed": true
              },
              "name": {
                "type": "string",
                "description_kind": "plain",
                "optional": true
              },
              "preferred": {
                "type": "bool",
                "description_kind": "plain",
                "computed": true
              },
              "project_id": {
                "type": "string",
                "description_kind": "plain",
                "computed": true
              },
              "region": {
                "type": "string",
                "description_kind": "plain",
                "optional": true,
                "computed": true
              },
              "share_access_id": {
                "type": "string",
                "description_kind": "plain",
                "computed": true
              },
              "share_instance_id": {
                "type": "string",
                "description_kind": "plain",
                "computed": true
              },
              "share_proto": {
                "type": "string",
                "description_kind": "plain",
                "computed": true
              },
              "share_type": {
                "type": "string",
                "description_kind": "plain",
                "computed": true
              },
              "size": {
                "type": "number",
                "description_kind": "plain",
                "computed": true
              },
              "state": {
                "type": "string",
                "description_kind": "plain",
                "computed": true
              },
              "status": {
                "type": "string",
                "description_kind": "plain",
                "optional": true
              },
              "volume_type": {
                "type": "string",
                "description_kind": "plain",
                "computed": true
              }
            },
            "description_kind": "plain"
          }
        },
        "opentelekomcloud_sfs_turbo_share_v1": {
          "version": 0,
          "block": {
            "attributes": {
              "availability_zone": {
                "type": "string",
                "description_kind": "plain",
                "computed": true
              },
              "available_capacity": {
                "type": "string",
                "description_kind": "plain",
                "computed": true
              },
              "crypt_key_id": {
                "type": "string",
                "description_kind": "plain",
                "computed": true
              },
              "export_location": {
                "type": "string",
                "description_kind": "plain",
                "computed": true
              },
              "id": {
                "type": "string",
                "description_kind": "plain",
                "optional": true,
                "computed": true
              },
              "name": {
                "type": "string",
                "description_kind": "plain",
                "required": true
              },
              "region": {
                "type": "string",
                "description_kind": "plain",
                "computed": true
              },
              "security_group_id": {
                "type": "string",
                "description_kind": "plain",
                "computed": true
              },
              "share_proto": {
                "type": "string",
                "description_kind": "plain",
                "computed": true
              },
              "share_type": {
                "type": "string",
                "description_kind": "plain",
                "computed": true
              },
              "size": {
                "type": "number",
                "description_kind": "plain",
                "computed": true
              },
              "subnet_id": {
                "type": "string",
                "description_kind": "plain",
                "computed": true
              },
              "version": {
                "type": "string",
                "description_kind": "plain",
                "computed": true
              },
              "vpc_id": {
                "type": "string",
                "description_kind": "plain",
                "computed": true
              }
            },
            "description_kind": "plain"
          }
        },
        "opentelekomcloud_vbs_backup_policy_v2": {
          "version": 0,
          "block": {
            "attributes": {
              "frequency": {
                "type": "number",
                "description_kind": "plain",
                "computed": true
              },
              "id": {
                "type": "string",
                "description_kind": "plain",
                "optional": true
              },
              "name": {
                "type": "string",
                "description_kind": "plain",
                "optional": true
              },
              "policy_resource_count": {
                "type": "number",
                "description_kind": "plain",
                "optional": true
              },
              "region": {
                "type": "string",
                "description_kind": "plain",
                "optional": true,
                "computed": true
              },
              "remain_first_backup": {
                "type": "string",
                "description_kind": "plain",
                "computed": true
              },
              "rentention_num": {
                "type": "number",
                "description_kind": "plain",
                "computed": true
              },
              "start_time": {
                "type": "string",
                "description_kind": "plain",
                "computed": true
              },
              "status": {
                "type": "string",
                "description_kind": "plain",
                "optional": true
              },
              "tags": {
                "type": [
                  "set",
                  [
                    "object",
                    {
                      "key": "string",
                      "value": "string"
                    }
                  ]
                ],
                "description_kind": "plain",
                "computed": true
              }
            },
            "block_types": {
              "filter_tags": {
                "nesting_mode": "set",
                "block": {
                  "attributes": {
                    "key": {
                      "type": "string",
                      "description_kind": "plain",
                      "required": true
                    },
                    "values": {
                      "type": [
                        "set",
                        "string"
                      ],
                      "description_kind": "plain",
                      "required": true
                    }
                  },
                  "description_kind": "plain"
                }
              }
            },
            "description_kind": "plain"
          }
        },
        "opentelekomcloud_vbs_backup_v2": {
          "version": 0,
          "block": {
            "attributes": {
              "availability_zone": {
                "type": "string",
                "description_kind": "plain",
                "computed": true
              },
              "container": {
                "type": "string",
                "description_kind": "plain",
                "computed": true
              },
              "description": {
                "type": "string",
                "description_kind": "plain",
                "computed": true
              },
              "id": {
                "type": "string",
                "description_kind": "plain",
                "optional": true
              },
              "name": {
                "type": "string",
                "description_kind": "plain",
                "optional": true
              },
              "region": {
                "type": "string",
                "description_kind": "plain",
                "optional": true,
                "computed": true
              },
              "service_metadata": {
                "type": "string",
                "description_kind": "plain",
                "computed": true
              },
              "share_ids": {
                "type": [
                  "set",
                  "string"
                ],
                "description_kind": "plain",
                "computed": true
              },
              "size": {
                "type": "number",
                "description_kind": "plain",
                "computed": true
              },
              "snapshot_id": {
                "type": "string",
                "description_kind": "plain",
                "optional": true
              },
              "status": {
                "type": "string",
                "description_kind": "plain",
                "optional": true
              },
              "to_project_ids": {
                "type": [
                  "set",
                  "string"
                ],
                "description_kind": "plain",
                "computed": true
              },
              "volume_id": {
                "type": "string",
                "description_kind": "plain",
                "optional": true
              }
            },
            "description_kind": "plain"
          }
        },
        "opentelekomcloud_vpc_bandwidth": {
          "version": 0,
          "block": {
            "attributes": {
              "bandwidth_type": {
                "type": "string",
                "description_kind": "plain",
                "computed": true
              },
              "charge_mode": {
                "type": "string",
                "description_kind": "plain",
                "computed": true
              },
              "enterprise_project_id": {
                "type": "string",
                "description_kind": "plain",
                "optional": true
              },
              "id": {
                "type": "string",
                "description_kind": "plain",
                "optional": true,
                "computed": true
              },
              "name": {
                "type": "string",
                "description_kind": "plain",
                "required": true
              },
              "region": {
                "type": "string",
                "description_kind": "plain",
                "optional": true,
                "computed": true
              },
              "share_type": {
                "type": "string",
                "description_kind": "plain",
                "computed": true
              },
              "size": {
                "type": "number",
                "description_kind": "plain",
                "optional": true
              },
              "status": {
                "type": "string",
                "description_kind": "plain",
                "computed": true
              }
            },
            "description_kind": "plain",
            "deprecated": true
          }
        },
        "opentelekomcloud_vpc_bandwidth_v2": {
          "version": 0,
          "block": {
            "attributes": {
              "bandwidth_type": {
                "type": "string",
                "description_kind": "plain",
                "computed": true
              },
              "charge_mode": {
                "type": "string",
                "description_kind": "plain",
                "computed": true
              },
              "id": {
                "type": "string",
                "description_kind": "plain",
                "optional": true,
                "computed": true
              },
              "name": {
                "type": "string",
                "description_kind": "plain",
                "optional": true,
                "computed": true
              },
              "share_type": {
                "type": "string",
                "description_kind": "plain",
                "computed": true
              },
              "size": {
                "type": "number",
                "description_kind": "plain",
                "optional": true,
                "computed": true
              },
              "status": {
                "type": "string",
                "description_kind": "plain",
                "computed": true
              }
            },
            "description_kind": "plain"
          }
        },
        "opentelekomcloud_vpc_eip_v1": {
          "version": 0,
          "block": {
            "attributes": {
              "bandwidth_id": {
                "type": "string",
                "description_kind": "plain",
                "optional": true
              },
              "bandwidth_share_type": {
                "type": "string",
                "description_kind": "plain",
                "computed": true
              },
              "bandwidth_size": {
                "type": "number",
                "description_kind": "plain",
                "computed": true
              },
              "create_time": {
                "type": "string",
                "description_kind": "plain",
                "computed": true
              },
              "id": {
                "type": "string",
                "description_kind": "plain",
                "optional": true
              },
              "ip_version": {
                "type": "number",
                "description_kind": "plain",
                "computed": true
              },
              "port_id": {
                "type": "string",
                "description_kind": "plain",
                "optional": true
              },
              "private_ip_address": {
                "type": "string",
                "description_kind": "plain",
                "optional": true
              },
              "public_ip_address": {
                "type": "string",
                "description_kind": "plain",
                "optional": true
              },
              "region": {
                "type": "string",
                "description_kind": "plain",
                "optional": true,
                "computed": true
              },
              "status": {
                "type": "string",
                "description_kind": "plain",
                "optional": true
              },
              "tags": {
                "type": [
                  "map",
                  "string"
                ],
                "description_kind": "plain",
                "optional": true
              },
              "tenant_id": {
                "type": "string",
                "description_kind": "plain",
                "computed": true
              },
              "type": {
                "type": "string",
                "description_kind": "plain",
                "computed": true
              }
            },
            "description_kind": "plain"
          }
        },
        "opentelekomcloud_vpc_peering_connection_v2": {
          "version": 0,
          "block": {
            "attributes": {
              "id": {
                "type": "string",
                "description_kind": "plain",
                "optional": true
              },
              "name": {
                "type": "string",
                "description_kind": "plain",
                "optional": true
              },
              "peer_tenant_id": {
                "type": "string",
                "description_kind": "plain",
                "optional": true
              },
              "peer_vpc_id": {
                "type": "string",
                "description_kind": "plain",
                "optional": true
              },
              "region": {
                "type": "string",
                "description_kind": "plain",
                "optional": true,
                "computed": true
              },
              "status": {
                "type": "string",
                "description_kind": "plain",
                "optional": true
              },
              "vpc_id": {
                "type": "string",
                "description_kind": "plain",
                "optional": true
              }
            },
            "description_kind": "plain"
          }
        },
        "opentelekomcloud_vpc_route_ids_v2": {
          "version": 0,
          "block": {
            "attributes": {
              "id": {
                "type": "string",
                "description_kind": "plain",
                "optional": true,
                "computed": true
              },
              "ids": {
                "type": [
                  "set",
                  "string"
                ],
                "description_kind": "plain",
                "computed": true
              },
              "region": {
                "type": "string",
                "description_kind": "plain",
                "optional": true,
                "computed": true
              },
              "vpc_id": {
                "type": "string",
                "description_kind": "plain",
                "required": true
              }
            },
            "description_kind": "plain"
          }
        },
        "opentelekomcloud_vpc_route_v2": {
          "version": 0,
          "block": {
            "attributes": {
              "destination": {
                "type": "string",
                "description_kind": "plain",
                "optional": true
              },
              "id": {
                "type": "string",
                "description_kind": "plain",
                "optional": true
              },
              "nexthop": {
                "type": "string",
                "description_kind": "plain",
                "optional": true
              },
              "region": {
                "type": "string",
                "description_kind": "plain",
                "optional": true,
                "computed": true
              },
              "tenant_id": {
                "type": "string",
                "description_kind": "plain",
                "optional": true
              },
              "type": {
                "type": "string",
                "description_kind": "plain",
                "optional": true
              },
              "vpc_id": {
                "type": "string",
                "description_kind": "plain",
                "optional": true
              }
            },
            "description_kind": "plain"
          }
        },
        "opentelekomcloud_vpc_subnet_ids_v1": {
          "version": 0,
          "block": {
            "attributes": {
              "id": {
                "type": "string",
                "description_kind": "plain",
                "optional": true,
                "computed": true
              },
              "ids": {
                "type": [
                  "set",
                  "string"
                ],
                "description_kind": "plain",
                "computed": true
              },
              "region": {
                "type": "string",
                "description_kind": "plain",
                "optional": true,
                "computed": true
              },
              "vpc_id": {
                "type": "string",
                "description_kind": "plain",
                "required": true
              }
            },
            "description_kind": "plain"
          }
        },
        "opentelekomcloud_vpc_subnet_v1": {
          "version": 0,
          "block": {
            "attributes": {
              "availability_zone": {
                "type": "string",
                "description_kind": "plain",
                "optional": true
              },
              "cidr": {
                "type": "string",
                "description_kind": "plain",
                "optional": true
              },
              "dhcp_enable": {
                "type": "bool",
                "description_kind": "plain",
                "computed": true
              },
              "dns_list": {
                "type": [
                  "set",
                  "string"
                ],
                "description_kind": "plain",
                "computed": true
              },
              "gateway_ip": {
                "type": "string",
                "description_kind": "plain",
                "optional": true
              },
              "id": {
                "type": "string",
                "description_kind": "plain",
                "optional": true,
                "computed": true
              },
              "name": {
                "type": "string",
                "description_kind": "plain",
                "optional": true
              },
              "network_id": {
                "type": "string",
                "description_kind": "plain",
                "computed": true
              },
              "primary_dns": {
                "type": "string",
                "description_kind": "plain",
                "optional": true
              },
              "region": {
                "type": "string",
                "description_kind": "plain",
                "optional": true,
                "computed": true
              },
              "secondary_dns": {
                "type": "string",
                "description_kind": "plain",
                "optional": true
              },
              "status": {
                "type": "string",
                "description_kind": "plain",
                "optional": true
              },
              "subnet_id": {
                "type": "string",
                "description_kind": "plain",
                "computed": true
              },
              "vpc_id": {
                "type": "string",
                "description_kind": "plain",
                "optional": true
              }
            },
            "description_kind": "plain"
          }
        },
        "opentelekomcloud_vpc_v1": {
          "version": 0,
          "block": {
            "attributes": {
              "cidr": {
                "type": "string",
                "description_kind": "plain",
                "optional": true
              },
              "id": {
                "type": "string",
                "description_kind": "plain",
                "optional": true
              },
              "name": {
                "type": "string",
                "description_kind": "plain",
                "optional": true
              },
              "region": {
                "type": "string",
                "description_kind": "plain",
                "optional": true,
                "computed": true
              },
              "routes": {
                "type": [
                  "list",
                  [
                    "object",
                    {
                      "destination": "string",
                      "nexthop": "string"
                    }
                  ]
                ],
                "description_kind": "plain",
                "computed": true
              },
              "shared": {
                "type": "bool",
                "description_kind": "plain",
                "optional": true
              },
              "status": {
                "type": "string",
                "description_kind": "plain",
                "optional": true
              }
            },
            "description_kind": "plain"
          }
        },
        "opentelekomcloud_vpcep_public_service_v1": {
          "version": 0,
          "block": {
            "attributes": {
              "created_at": {
                "type": "string",
                "description_kind": "plain",
                "computed": true
              },
              "id": {
                "type": "string",
                "description_kind": "plain",
                "optional": true,
                "computed": true
              },
              "is_charge": {
                "type": "bool",
                "description_kind": "plain",
                "computed": true
              },
              "name": {
                "type": "string",
                "description_kind": "plain",
                "optional": true,
                "computed": true
              },
              "owner": {
                "type": "string",
                "description_kind": "plain",
                "computed": true
              },
              "service_type": {
                "type": "string",
                "description_kind": "plain",
                "computed": true
              }
            },
            "description_kind": "plain"
          }
        },
        "opentelekomcloud_vpcep_service_v1": {
          "version": 0,
          "block": {
            "attributes": {
              "approval_enabled": {
                "type": "bool",
                "description_kind": "plain",
                "computed": true
              },
              "connection_count": {
                "type": "number",
                "description_kind": "plain",
                "computed": true
              },
              "created_at": {
                "type": "string",
                "description_kind": "plain",
                "computed": true
              },
              "id": {
                "type": "string",
                "description_kind": "plain",
                "optional": true,
                "computed": true
              },
              "name": {
                "type": "string",
                "description_kind": "plain",
                "optional": true,
                "computed": true
              },
              "port": {
                "type": [
                  "set",
                  [
                    "object",
                    {
                      "client_port": "number",
                      "protocol": "string",
                      "server_port": "number"
                    }
                  ]
                ],
                "description_kind": "plain",
                "computed": true
              },
              "port_id": {
                "type": "string",
                "description_kind": "plain",
                "computed": true
              },
              "project_id": {
                "type": "string",
                "description_kind": "plain",
                "computed": true
              },
              "server_type": {
                "type": "string",
                "description_kind": "plain",
                "computed": true
              },
              "service_type": {
                "type": "string",
                "description_kind": "plain",
                "computed": true
              },
              "status": {
                "type": "string",
                "description_kind": "plain",
                "optional": true,
                "computed": true
              },
              "tags": {
                "type": [
                  "map",
                  "string"
                ],
                "description_kind": "plain",
                "optional": true
              },
              "tcp_proxy": {
                "type": "string",
                "description_kind": "plain",
                "computed": true
              },
              "updated_at": {
                "type": "string",
                "description_kind": "plain",
                "computed": true
              },
              "vip_port_id": {
                "type": "string",
                "description_kind": "plain",
                "computed": true
              },
              "vpc_id": {
                "type": "string",
                "description_kind": "plain",
                "computed": true
              }
            },
            "description_kind": "plain"
          }
        },
        "opentelekomcloud_vpnaas_service_v2": {
          "version": 0,
          "block": {
            "attributes": {
              "admin_state_up": {
                "type": "bool",
                "description_kind": "plain",
                "optional": true
              },
              "description": {
                "type": "string",
                "description_kind": "plain",
                "optional": true
              },
              "external_v4_ip": {
                "type": "string",
                "description_kind": "plain",
                "optional": true
              },
              "external_v6_ip": {
                "type": "string",
                "description_kind": "plain",
                "optional": true
              },
              "flavor_id": {
                "type": "string",
                "description_kind": "plain",
                "optional": true
              },
              "id": {
                "type": "string",
                "description_kind": "plain",
                "optional": true
              },
              "name": {
                "type": "string",
                "description_kind": "plain",
                "optional": true
              },
              "project_id": {
                "type": "string",
                "description_kind": "plain",
                "optional": true
              },
              "region": {
                "type": "string",
                "description_kind": "plain",
                "optional": true,
                "computed": true
              },
              "router_id": {
                "type": "string",
                "description_kind": "plain",
                "optional": true
              },
              "status": {
                "type": "string",
                "description_kind": "plain",
                "optional": true
              },
              "subnet_id": {
                "type": "string",
                "description_kind": "plain",
                "optional": true
              },
              "tenant_id": {
                "type": "string",
                "description_kind": "plain",
                "optional": true
              }
            },
            "description_kind": "plain"
          }
        }
      }
    }
  }
}
