{
  "format_version": "1.0",
  "provider_schemas": {
    "registry.terraform.io/ovh/ovh": {
      "provider": {
        "version": 0,
        "block": {
          "attributes": {
            "application_key": {
              "type": "string",
              "description": "The OVH API Application Key.",
              "description_kind": "plain",
              "optional": true
            },
            "application_secret": {
              "type": "string",
              "description": "The OVH API Application Secret.",
              "description_kind": "plain",
              "optional": true
            },
            "consumer_key": {
              "type": "string",
              "description": "The OVH API Consumer key.",
              "description_kind": "plain",
              "optional": true
            },
            "endpoint": {
              "type": "string",
              "description": "The OVH API endpoint to target (ex: \"ovh-eu\").",
              "description_kind": "plain",
              "required": true
            }
          },
          "description_kind": "plain"
        }
      },
      "resource_schemas": {
        "ovh_cloud_project": {
          "version": 0,
          "block": {
            "attributes": {
              "access": {
                "type": "string",
                "description_kind": "plain",
                "computed": true
              },
              "description": {
                "type": "string",
                "description_kind": "plain",
                "optional": true,
                "computed": true
              },
              "id": {
                "type": "string",
                "description_kind": "plain",
                "optional": true,
                "computed": true
              },
              "order": {
                "type": [
                  "list",
                  [
                    "object",
                    {
                      "date": "string",
                      "details": [
                        "list",
                        [
                          "object",
                          {
                            "description": "string",
                            "domain": "string",
                            "order_detail_id": "number",
                            "quantity": "string"
                          }
                        ]
                      ],
                      "expiration_date": "string",
                      "order_id": "number"
                    }
                  ]
                ],
                "description": "Details about an Order",
                "description_kind": "plain",
                "computed": true
              },
              "ovh_subsidiary": {
                "type": "string",
                "description": "Ovh Subsidiary",
                "description_kind": "plain",
                "required": true
              },
              "payment_mean": {
                "type": "string",
                "description": "Ovh payment mode",
                "description_kind": "plain",
                "deprecated": true,
                "optional": true
              },
              "project_id": {
                "type": "string",
                "description_kind": "plain",
                "computed": true
              },
              "project_name": {
                "type": "string",
                "description_kind": "plain",
                "computed": true
              },
              "status": {
                "type": "string",
                "description_kind": "plain",
                "computed": true
              },
              "urn": {
                "type": "string",
                "description_kind": "plain",
                "computed": true
              }
            },
            "block_types": {
              "plan": {
                "nesting_mode": "list",
                "block": {
                  "attributes": {
                    "catalog_name": {
                      "type": "string",
                      "description": "Catalog name",
                      "description_kind": "plain",
                      "optional": true
                    },
                    "duration": {
                      "type": "string",
                      "description": "duration",
                      "description_kind": "plain",
                      "required": true
                    },
                    "plan_code": {
                      "type": "string",
                      "description": "Plan code",
                      "description_kind": "plain",
                      "required": true
                    },
                    "pricing_mode": {
                      "type": "string",
                      "description": "Pricing model identifier",
                      "description_kind": "plain",
                      "required": true
                    }
                  },
                  "block_types": {
                    "configuration": {
                      "nesting_mode": "list",
                      "block": {
                        "attributes": {
                          "label": {
                            "type": "string",
                            "description": "Identifier of the resource",
                            "description_kind": "plain",
                            "required": true
                          },
                          "value": {
                            "type": "string",
                            "description": "Path to the resource in API.OVH.COM",
                            "description_kind": "plain",
                            "required": true
                          }
                        },
                        "description": "Representation of a configuration item for personalizing product",
                        "description_kind": "plain"
                      }
                    }
                  },
                  "description": "Product Plan to order",
                  "description_kind": "plain"
                },
                "min_items": 1,
                "max_items": 1
              },
              "plan_option": {
                "nesting_mode": "list",
                "block": {
                  "attributes": {
                    "catalog_name": {
                      "type": "string",
                      "description": "Catalog name",
                      "description_kind": "plain",
                      "optional": true
                    },
                    "duration": {
                      "type": "string",
                      "description": "duration",
                      "description_kind": "plain",
                      "required": true
                    },
                    "plan_code": {
                      "type": "string",
                      "description": "Plan code",
                      "description_kind": "plain",
                      "required": true
                    },
                    "pricing_mode": {
                      "type": "string",
                      "description": "Pricing model identifier",
                      "description_kind": "plain",
                      "required": true
                    }
                  },
                  "block_types": {
                    "configuration": {
                      "nesting_mode": "list",
                      "block": {
                        "attributes": {
                          "label": {
                            "type": "string",
                            "description": "Identifier of the resource",
                            "description_kind": "plain",
                            "required": true
                          },
                          "value": {
                            "type": "string",
                            "description": "Path to the resource in API.OVH.COM",
                            "description_kind": "plain",
                            "required": true
                          }
                        },
                        "description": "Representation of a configuration item for personalizing product",
                        "description_kind": "plain"
                      }
                    }
                  },
                  "description": "Product Plan to order",
                  "description_kind": "plain"
                }
              }
            },
            "description_kind": "plain"
          }
        },
        "ovh_cloud_project_containerregistry": {
          "version": 0,
          "block": {
            "attributes": {
              "created_at": {
                "type": "string",
                "description": "Registry creation date",
                "description_kind": "plain",
                "computed": true
              },
              "id": {
                "type": "string",
                "description_kind": "plain",
                "optional": true,
                "computed": true
              },
              "name": {
                "type": "string",
                "description": "Registry name",
                "description_kind": "plain",
                "required": true
              },
              "plan": {
                "type": [
                  "list",
                  [
                    "object",
                    {
                      "code": "string",
                      "created_at": "string",
                      "features": [
                        "list",
                        [
                          "object",
                          {
                            "vulnerability": "bool"
                          }
                        ]
                      ],
                      "id": "string",
                      "name": "string",
                      "registry_limits": [
                        "list",
                        [
                          "object",
                          {
                            "image_storage": "number",
                            "parallel_request": "number"
                          }
                        ]
                      ],
                      "updated_at": "string"
                    }
                  ]
                ],
                "description": "Plan of the registry",
                "description_kind": "plain",
                "computed": true
              },
              "plan_id": {
                "type": "string",
                "description": "Plan ID of the registry.",
                "description_kind": "plain",
                "optional": true,
                "computed": true
              },
              "project_id": {
                "type": "string",
                "description": "Project ID of your registry",
                "description_kind": "plain",
                "computed": true
              },
              "region": {
                "type": "string",
                "description": "Region of the registry.",
                "description_kind": "plain",
                "required": true
              },
              "service_name": {
                "type": "string",
                "description_kind": "plain",
                "required": true
              },
              "size": {
                "type": "number",
                "description": "Current size of the registry (bytes)",
                "description_kind": "plain",
                "computed": true
              },
              "status": {
                "type": "string",
                "description": "Registry status",
                "description_kind": "plain",
                "computed": true
              },
              "updated_at": {
                "type": "string",
                "description": "Registry last update date",
                "description_kind": "plain",
                "computed": true
              },
              "url": {
                "type": "string",
                "description": "Access url of the registry",
                "description_kind": "plain",
                "computed": true
              },
              "version": {
                "type": "string",
                "description": "Version of your registry",
                "description_kind": "plain",
                "computed": true
              }
            },
            "description_kind": "plain"
          }
        },
        "ovh_cloud_project_containerregistry_oidc": {
          "version": 0,
          "block": {
            "attributes": {
              "delete_users": {
                "type": "bool",
                "description_kind": "plain",
                "optional": true
              },
              "id": {
                "type": "string",
                "description_kind": "plain",
                "optional": true,
                "computed": true
              },
              "oidc_admin_group": {
                "type": "string",
                "description_kind": "plain",
                "optional": true
              },
              "oidc_auto_onboard": {
                "type": "bool",
                "description_kind": "plain",
                "optional": true
              },
              "oidc_client_id": {
                "type": "string",
                "description_kind": "plain",
                "required": true
              },
              "oidc_client_secret": {
                "type": "string",
                "description_kind": "plain",
                "required": true,
                "sensitive": true
              },
              "oidc_endpoint": {
                "type": "string",
                "description_kind": "plain",
                "required": true
              },
              "oidc_groups_claim": {
                "type": "string",
                "description_kind": "plain",
                "optional": true
              },
              "oidc_name": {
                "type": "string",
                "description_kind": "plain",
                "required": true
              },
              "oidc_scope": {
                "type": "string",
                "description_kind": "plain",
                "required": true
              },
              "oidc_user_claim": {
                "type": "string",
                "description_kind": "plain",
                "optional": true
              },
              "oidc_verify_cert": {
                "type": "bool",
                "description_kind": "plain",
                "optional": true
              },
              "registry_id": {
                "type": "string",
                "description_kind": "plain",
                "required": true
              },
              "service_name": {
                "type": "string",
                "description_kind": "plain",
                "required": true
              }
            },
            "block_types": {
              "timeouts": {
                "nesting_mode": "single",
                "block": {
                  "attributes": {
                    "create": {
                      "type": "string",
                      "description_kind": "plain",
                      "optional": true
                    },
                    "default": {
                      "type": "string",
                      "description_kind": "plain",
                      "optional": true
                    },
                    "delete": {
                      "type": "string",
                      "description_kind": "plain",
                      "optional": true
                    },
                    "read": {
                      "type": "string",
                      "description_kind": "plain",
                      "optional": true
                    },
                    "update": {
                      "type": "string",
                      "description_kind": "plain",
                      "optional": true
                    }
                  },
                  "description_kind": "plain"
                }
              }
            },
            "description_kind": "plain"
          }
        },
        "ovh_cloud_project_containerregistry_user": {
          "version": 0,
          "block": {
            "attributes": {
              "email": {
                "type": "string",
                "description": "User email.",
                "description_kind": "plain",
                "required": true
              },
              "id": {
                "type": "string",
                "description_kind": "plain",
                "optional": true,
                "computed": true
              },
              "login": {
                "type": "string",
                "description": "Registry name",
                "description_kind": "plain",
                "required": true
              },
              "password": {
                "type": "string",
                "description": "User password",
                "description_kind": "plain",
                "computed": true,
                "sensitive": true
              },
              "registry_id": {
                "type": "string",
                "description": "RegistryID",
                "description_kind": "plain",
                "required": true
              },
              "service_name": {
                "type": "string",
                "description": "Service name",
                "description_kind": "plain",
                "required": true
              },
              "user": {
                "type": "string",
                "description": "User name",
                "description_kind": "plain",
                "computed": true
              }
            },
            "description_kind": "plain"
          }
        },
        "ovh_cloud_project_database": {
          "version": 0,
          "block": {
            "attributes": {
              "advanced_configuration": {
                "type": [
                  "map",
                  "string"
                ],
                "description": "Advanced configuration key / value",
                "description_kind": "plain",
                "optional": true,
                "computed": true
              },
              "backup_time": {
                "type": "string",
                "description": "Time on which backups start every day",
                "description_kind": "plain",
                "computed": true
              },
              "created_at": {
                "type": "string",
                "description": "Date of the creation of the cluster",
                "description_kind": "plain",
                "computed": true
              },
              "description": {
                "type": "string",
                "description": "Description of the cluster",
                "description_kind": "plain",
                "optional": true
              },
              "disk_size": {
                "type": "number",
                "description": "Disk size attributes of the cluster",
                "description_kind": "plain",
                "optional": true,
                "computed": true
              },
              "disk_type": {
                "type": "string",
                "description": "Disk type attributes of the cluster",
                "description_kind": "plain",
                "computed": true
              },
              "endpoints": {
                "type": [
                  "list",
                  [
                    "object",
                    {
                      "component": "string",
                      "domain": "string",
                      "path": "string",
                      "port": "number",
                      "scheme": "string",
                      "ssl": "bool",
                      "ssl_mode": "string",
                      "uri": "string"
                    }
                  ]
                ],
                "description": "List of all endpoints of the service",
                "description_kind": "plain",
                "computed": true
              },
              "engine": {
                "type": "string",
                "description": "Name of the engine of the service",
                "description_kind": "plain",
                "required": true
              },
              "flavor": {
                "type": "string",
                "description": "The node flavor used for this cluster",
                "description_kind": "plain",
                "required": true
              },
              "id": {
                "type": "string",
                "description_kind": "plain",
                "optional": true,
                "computed": true
              },
              "kafka_rest_api": {
                "type": "bool",
                "description": "Defines whether the REST API is enabled on a Kafka cluster",
                "description_kind": "plain",
                "optional": true
              },
              "maintenance_time": {
                "type": "string",
                "description": "Time on which maintenances can start every day",
                "description_kind": "plain",
                "computed": true
              },
              "network_type": {
                "type": "string",
                "description": "Type of network of the cluster",
                "description_kind": "plain",
                "computed": true
              },
              "opensearch_acls_enabled": {
                "type": "bool",
                "description": "Defines whether the ACLs are enabled on an Opensearch cluster",
                "description_kind": "plain",
                "optional": true
              },
              "plan": {
                "type": "string",
                "description": "Plan of the cluster",
                "description_kind": "plain",
                "required": true
              },
              "service_name": {
                "type": "string",
                "description_kind": "plain",
                "required": true
              },
              "status": {
                "type": "string",
                "description": "Current status of the cluster",
                "description_kind": "plain",
                "computed": true
              },
              "version": {
                "type": "string",
                "description": "Version of the engine deployed on the cluster",
                "description_kind": "plain",
                "required": true
              }
            },
            "block_types": {
              "nodes": {
                "nesting_mode": "list",
                "block": {
                  "attributes": {
                    "network_id": {
                      "type": "string",
                      "description": "Private network ID in which the node is. It's the regional openstackId of the private network.",
                      "description_kind": "plain",
                      "optional": true
                    },
                    "region": {
                      "type": "string",
                      "description": "Region of the node",
                      "description_kind": "plain",
                      "required": true
                    },
                    "subnet_id": {
                      "type": "string",
                      "description": "Private subnet ID in which the node is",
                      "description_kind": "plain",
                      "optional": true
                    }
                  },
                  "description": "List of nodes composing the service",
                  "description_kind": "plain"
                },
                "min_items": 1
              },
              "timeouts": {
                "nesting_mode": "single",
                "block": {
                  "attributes": {
                    "create": {
                      "type": "string",
                      "description_kind": "plain",
                      "optional": true
                    },
                    "delete": {
                      "type": "string",
                      "description_kind": "plain",
                      "optional": true
                    },
                    "update": {
                      "type": "string",
                      "description_kind": "plain",
                      "optional": true
                    }
                  },
                  "description_kind": "plain"
                }
              }
            },
            "description_kind": "plain"
          }
        },
        "ovh_cloud_project_database_database": {
          "version": 0,
          "block": {
            "attributes": {
              "cluster_id": {
                "type": "string",
                "description": "Id of the database cluster",
                "description_kind": "plain",
                "required": true
              },
              "default": {
                "type": "bool",
                "description": "Defines if the database has been created by default",
                "description_kind": "plain",
                "computed": true
              },
              "engine": {
                "type": "string",
                "description": "Name of the engine of the service",
                "description_kind": "plain",
                "required": true
              },
              "id": {
                "type": "string",
                "description_kind": "plain",
                "optional": true,
                "computed": true
              },
              "name": {
                "type": "string",
                "description": "Database name",
                "description_kind": "plain",
                "required": true
              },
              "service_name": {
                "type": "string",
                "description_kind": "plain",
                "required": true
              }
            },
            "block_types": {
              "timeouts": {
                "nesting_mode": "single",
                "block": {
                  "attributes": {
                    "create": {
                      "type": "string",
                      "description_kind": "plain",
                      "optional": true
                    },
                    "delete": {
                      "type": "string",
                      "description_kind": "plain",
                      "optional": true
                    }
                  },
                  "description_kind": "plain"
                }
              }
            },
            "description_kind": "plain"
          }
        },
        "ovh_cloud_project_database_integration": {
          "version": 0,
          "block": {
            "attributes": {
              "cluster_id": {
                "type": "string",
                "description": "Id of the database cluster",
                "description_kind": "plain",
                "required": true
              },
              "destination_service_id": {
                "type": "string",
                "description": "ID of the destination service",
                "description_kind": "plain",
                "required": true
              },
              "engine": {
                "type": "string",
                "description": "Name of the engine of the service",
                "description_kind": "plain",
                "required": true
              },
              "id": {
                "type": "string",
                "description_kind": "plain",
                "optional": true,
                "computed": true
              },
              "parameters": {
                "type": [
                  "map",
                  "string"
                ],
                "description": "Parameters for the integration",
                "description_kind": "plain",
                "optional": true
              },
              "service_name": {
                "type": "string",
                "description_kind": "plain",
                "required": true
              },
              "source_service_id": {
                "type": "string",
                "description": "ID of the source service",
                "description_kind": "plain",
                "required": true
              },
              "status": {
                "type": "string",
                "description": "Current status of the integration",
                "description_kind": "plain",
                "computed": true
              },
              "type": {
                "type": "string",
                "description": "Type of the integration",
                "description_kind": "plain",
                "optional": true,
                "computed": true
              }
            },
            "block_types": {
              "timeouts": {
                "nesting_mode": "single",
                "block": {
                  "attributes": {
                    "create": {
                      "type": "string",
                      "description_kind": "plain",
                      "optional": true
                    },
                    "delete": {
                      "type": "string",
                      "description_kind": "plain",
                      "optional": true
                    }
                  },
                  "description_kind": "plain"
                }
              }
            },
            "description_kind": "plain"
          }
        },
        "ovh_cloud_project_database_ip_restriction": {
          "version": 0,
          "block": {
            "attributes": {
              "cluster_id": {
                "type": "string",
                "description": "Id of the database cluster",
                "description_kind": "plain",
                "required": true
              },
              "description": {
                "type": "string",
                "description": "Description of the IP restriction",
                "description_kind": "plain",
                "optional": true
              },
              "engine": {
                "type": "string",
                "description": "Name of the engine of the service",
                "description_kind": "plain",
                "required": true
              },
              "id": {
                "type": "string",
                "description_kind": "plain",
                "optional": true,
                "computed": true
              },
              "ip": {
                "type": "string",
                "description": "Authorized IP",
                "description_kind": "plain",
                "required": true
              },
              "service_name": {
                "type": "string",
                "description_kind": "plain",
                "required": true
              },
              "status": {
                "type": "string",
                "description": "Current status of the IP restriction",
                "description_kind": "plain",
                "computed": true
              }
            },
            "block_types": {
              "timeouts": {
                "nesting_mode": "single",
                "block": {
                  "attributes": {
                    "create": {
                      "type": "string",
                      "description_kind": "plain",
                      "optional": true
                    },
                    "delete": {
                      "type": "string",
                      "description_kind": "plain",
                      "optional": true
                    },
                    "update": {
                      "type": "string",
                      "description_kind": "plain",
                      "optional": true
                    }
                  },
                  "description_kind": "plain"
                }
              }
            },
            "description_kind": "plain"
          }
        },
        "ovh_cloud_project_database_kafka_acl": {
          "version": 0,
          "block": {
            "attributes": {
              "cluster_id": {
                "type": "string",
                "description": "Id of the database cluster",
                "description_kind": "plain",
                "required": true
              },
              "id": {
                "type": "string",
                "description_kind": "plain",
                "optional": true,
                "computed": true
              },
              "permission": {
                "type": "string",
                "description": "Permission to give to this username on this topic",
                "description_kind": "plain",
                "required": true
              },
              "service_name": {
                "type": "string",
                "description_kind": "plain",
                "required": true
              },
              "topic": {
                "type": "string",
                "description": "Topic affected by this acl",
                "description_kind": "plain",
                "required": true
              },
              "username": {
                "type": "string",
                "description": "Username affected by this acl",
                "description_kind": "plain",
                "required": true
              }
            },
            "block_types": {
              "timeouts": {
                "nesting_mode": "single",
                "block": {
                  "attributes": {
                    "create": {
                      "type": "string",
                      "description_kind": "plain",
                      "optional": true
                    },
                    "delete": {
                      "type": "string",
                      "description_kind": "plain",
                      "optional": true
                    }
                  },
                  "description_kind": "plain"
                }
              }
            },
            "description_kind": "plain"
          }
        },
        "ovh_cloud_project_database_kafka_schemaregistryacl": {
          "version": 0,
          "block": {
            "attributes": {
              "cluster_id": {
                "type": "string",
                "description": "Id of the database cluster",
                "description_kind": "plain",
                "required": true
              },
              "id": {
                "type": "string",
                "description_kind": "plain",
                "optional": true,
                "computed": true
              },
              "permission": {
                "type": "string",
                "description": "Permission to give to this username on this resource",
                "description_kind": "plain",
                "required": true
              },
              "resource": {
                "type": "string",
                "description": "Resource affected by this acl",
                "description_kind": "plain",
                "required": true
              },
              "service_name": {
                "type": "string",
                "description_kind": "plain",
                "required": true
              },
              "username": {
                "type": "string",
                "description": "Username affected by this acl",
                "description_kind": "plain",
                "required": true
              }
            },
            "block_types": {
              "timeouts": {
                "nesting_mode": "single",
                "block": {
                  "attributes": {
                    "create": {
                      "type": "string",
                      "description_kind": "plain",
                      "optional": true
                    },
                    "delete": {
                      "type": "string",
                      "description_kind": "plain",
                      "optional": true
                    }
                  },
                  "description_kind": "plain"
                }
              }
            },
            "description_kind": "plain"
          }
        },
        "ovh_cloud_project_database_kafka_topic": {
          "version": 0,
          "block": {
            "attributes": {
              "cluster_id": {
                "type": "string",
                "description": "Id of the database cluster",
                "description_kind": "plain",
                "required": true
              },
              "id": {
                "type": "string",
                "description_kind": "plain",
                "optional": true,
                "computed": true
              },
              "min_insync_replicas": {
                "type": "number",
                "description": "Minimum insync replica accepted for this topic",
                "description_kind": "plain",
                "optional": true,
                "computed": true
              },
              "name": {
                "type": "string",
                "description": "Name of the topic",
                "description_kind": "plain",
                "required": true
              },
              "partitions": {
                "type": "number",
                "description": "Number of partitions for this topic",
                "description_kind": "plain",
                "optional": true,
                "computed": true
              },
              "replication": {
                "type": "number",
                "description": "Number of replication for this topic",
                "description_kind": "plain",
                "optional": true,
                "computed": true
              },
              "retention_bytes": {
                "type": "number",
                "description": "Number of bytes for the retention of the data for this topic",
                "description_kind": "plain",
                "optional": true,
                "computed": true
              },
              "retention_hours": {
                "type": "number",
                "description": "Number of hours for the retention of the data for this topic",
                "description_kind": "plain",
                "optional": true,
                "computed": true
              },
              "service_name": {
                "type": "string",
                "description_kind": "plain",
                "required": true
              }
            },
            "block_types": {
              "timeouts": {
                "nesting_mode": "single",
                "block": {
                  "attributes": {
                    "create": {
                      "type": "string",
                      "description_kind": "plain",
                      "optional": true
                    },
                    "delete": {
                      "type": "string",
                      "description_kind": "plain",
                      "optional": true
                    }
                  },
                  "description_kind": "plain"
                }
              }
            },
            "description_kind": "plain"
          }
        },
        "ovh_cloud_project_database_m3db_namespace": {
          "version": 0,
          "block": {
            "attributes": {
              "cluster_id": {
                "type": "string",
                "description": "Id of the database cluster",
                "description_kind": "plain",
                "required": true
              },
              "id": {
                "type": "string",
                "description_kind": "plain",
                "optional": true,
                "computed": true
              },
              "name": {
                "type": "string",
                "description": "Name of the namespace",
                "description_kind": "plain",
                "required": true
              },
              "resolution": {
                "type": "string",
                "description": "Resolution for an aggregated namespace",
                "description_kind": "plain",
                "required": true
              },
              "retention_block_data_expiration_duration": {
                "type": "string",
                "description": "Controls how long we wait before expiring stale data",
                "description_kind": "plain",
                "optional": true
              },
              "retention_block_size_duration": {
                "type": "string",
                "description": "Controls how long to keep a block in memory before flushing to a fileset on disk",
                "description_kind": "plain",
                "optional": true,
                "computed": true
              },
              "retention_buffer_future_duration": {
                "type": "string",
                "description": "Controls how far into the future writes to the namespace will be accepted",
                "description_kind": "plain",
                "optional": true
              },
              "retention_buffer_past_duration": {
                "type": "string",
                "description": "Controls how far into the past writes to the namespace will be accepted",
                "description_kind": "plain",
                "optional": true
              },
              "retention_period_duration": {
                "type": "string",
                "description": "Controls the duration of time that M3DB will retain data for the namespace",
                "description_kind": "plain",
                "required": true
              },
              "service_name": {
                "type": "string",
                "description_kind": "plain",
                "required": true
              },
              "snapshot_enabled": {
                "type": "bool",
                "description": "Defines whether M3db will create snapshot files for this namespace",
                "description_kind": "plain",
                "optional": true
              },
              "type": {
                "type": "string",
                "description": "Type of namespace",
                "description_kind": "plain",
                "computed": true
              },
              "writes_to_commit_log_enabled": {
                "type": "bool",
                "description": "Defines whether M3db will include writes to this namespace in the commit log",
                "description_kind": "plain",
                "optional": true
              }
            },
            "block_types": {
              "timeouts": {
                "nesting_mode": "single",
                "block": {
                  "attributes": {
                    "create": {
                      "type": "string",
                      "description_kind": "plain",
                      "optional": true
                    },
                    "delete": {
                      "type": "string",
                      "description_kind": "plain",
                      "optional": true
                    },
                    "update": {
                      "type": "string",
                      "description_kind": "plain",
                      "optional": true
                    }
                  },
                  "description_kind": "plain"
                }
              }
            },
            "description_kind": "plain"
          }
        },
        "ovh_cloud_project_database_m3db_user": {
          "version": 0,
          "block": {
            "attributes": {
              "cluster_id": {
                "type": "string",
                "description": "Id of the database cluster",
                "description_kind": "plain",
                "required": true
              },
              "created_at": {
                "type": "string",
                "description": "Date of the creation of the user",
                "description_kind": "plain",
                "computed": true
              },
              "group": {
                "type": "string",
                "description": "Group of the user",
                "description_kind": "plain",
                "optional": true
              },
              "id": {
                "type": "string",
                "description_kind": "plain",
                "optional": true,
                "computed": true
              },
              "name": {
                "type": "string",
                "description": "Name of the user",
                "description_kind": "plain",
                "required": true
              },
              "password": {
                "type": "string",
                "description": "Password of the user",
                "description_kind": "plain",
                "computed": true,
                "sensitive": true
              },
              "password_reset": {
                "type": "string",
                "description": "Arbitrary string to change to trigger a password update",
                "description_kind": "plain",
                "optional": true
              },
              "service_name": {
                "type": "string",
                "description_kind": "plain",
                "required": true
              },
              "status": {
                "type": "string",
                "description": "Current status of the user",
                "description_kind": "plain",
                "computed": true
              }
            },
            "block_types": {
              "timeouts": {
                "nesting_mode": "single",
                "block": {
                  "attributes": {
                    "create": {
                      "type": "string",
                      "description_kind": "plain",
                      "optional": true
                    },
                    "delete": {
                      "type": "string",
                      "description_kind": "plain",
                      "optional": true
                    },
                    "update": {
                      "type": "string",
                      "description_kind": "plain",
                      "optional": true
                    }
                  },
                  "description_kind": "plain"
                }
              }
            },
            "description_kind": "plain"
          }
        },
        "ovh_cloud_project_database_mongodb_user": {
          "version": 0,
          "block": {
            "attributes": {
              "cluster_id": {
                "type": "string",
                "description": "Id of the database cluster",
                "description_kind": "plain",
                "required": true
              },
              "created_at": {
                "type": "string",
                "description": "Date of the creation of the user",
                "description_kind": "plain",
                "computed": true
              },
              "id": {
                "type": "string",
                "description_kind": "plain",
                "optional": true,
                "computed": true
              },
              "name": {
                "type": "string",
                "description": "Name of the user",
                "description_kind": "plain",
                "required": true
              },
              "password": {
                "type": "string",
                "description": "Password of the user",
                "description_kind": "plain",
                "computed": true,
                "sensitive": true
              },
              "password_reset": {
                "type": "string",
                "description": "Arbitrary string to change to trigger a password update",
                "description_kind": "plain",
                "optional": true
              },
              "roles": {
                "type": [
                  "set",
                  "string"
                ],
                "description": "Roles the user belongs to (without authentication database)",
                "description_kind": "plain",
                "optional": true
              },
              "service_name": {
                "type": "string",
                "description_kind": "plain",
                "required": true
              },
              "status": {
                "type": "string",
                "description": "Current status of the user",
                "description_kind": "plain",
                "computed": true
              }
            },
            "block_types": {
              "timeouts": {
                "nesting_mode": "single",
                "block": {
                  "attributes": {
                    "create": {
                      "type": "string",
                      "description_kind": "plain",
                      "optional": true
                    },
                    "delete": {
                      "type": "string",
                      "description_kind": "plain",
                      "optional": true
                    },
                    "update": {
                      "type": "string",
                      "description_kind": "plain",
                      "optional": true
                    }
                  },
                  "description_kind": "plain"
                }
              }
            },
            "description_kind": "plain"
          }
        },
        "ovh_cloud_project_database_opensearch_pattern": {
          "version": 0,
          "block": {
            "attributes": {
              "cluster_id": {
                "type": "string",
                "description": "Id of the database cluster",
                "description_kind": "plain",
                "required": true
              },
              "id": {
                "type": "string",
                "description_kind": "plain",
                "optional": true,
                "computed": true
              },
              "max_index_count": {
                "type": "number",
                "description": "Maximum number of index for this pattern",
                "description_kind": "plain",
                "optional": true
              },
              "pattern": {
                "type": "string",
                "description": "Pattern format",
                "description_kind": "plain",
                "required": true
              },
              "service_name": {
                "type": "string",
                "description_kind": "plain",
                "required": true
              }
            },
            "block_types": {
              "timeouts": {
                "nesting_mode": "single",
                "block": {
                  "attributes": {
                    "create": {
                      "type": "string",
                      "description_kind": "plain",
                      "optional": true
                    },
                    "delete": {
                      "type": "string",
                      "description_kind": "plain",
                      "optional": true
                    }
                  },
                  "description_kind": "plain"
                }
              }
            },
            "description_kind": "plain"
          }
        },
        "ovh_cloud_project_database_opensearch_user": {
          "version": 0,
          "block": {
            "attributes": {
              "cluster_id": {
                "type": "string",
                "description": "Id of the database cluster",
                "description_kind": "plain",
                "required": true
              },
              "created_at": {
                "type": "string",
                "description": "Date of the creation of the user",
                "description_kind": "plain",
                "computed": true
              },
              "id": {
                "type": "string",
                "description_kind": "plain",
                "optional": true,
                "computed": true
              },
              "name": {
                "type": "string",
                "description": "Name of the user",
                "description_kind": "plain",
                "required": true
              },
              "password": {
                "type": "string",
                "description": "Password of the user",
                "description_kind": "plain",
                "computed": true,
                "sensitive": true
              },
              "password_reset": {
                "type": "string",
                "description": "Arbitrary string to change to trigger a password update",
                "description_kind": "plain",
                "optional": true
              },
              "service_name": {
                "type": "string",
                "description_kind": "plain",
                "required": true
              },
              "status": {
                "type": "string",
                "description": "Current status of the user",
                "description_kind": "plain",
                "computed": true
              }
            },
            "block_types": {
              "acls": {
                "nesting_mode": "set",
                "block": {
                  "attributes": {
                    "pattern": {
                      "type": "string",
                      "description": "Pattern of the ACL",
                      "description_kind": "plain",
                      "required": true
                    },
                    "permission": {
                      "type": "string",
                      "description": "Permission of the ACL",
                      "description_kind": "plain",
                      "required": true
                    }
                  },
                  "description": "Acls of the user",
                  "description_kind": "plain"
                }
              },
              "timeouts": {
                "nesting_mode": "single",
                "block": {
                  "attributes": {
                    "create": {
                      "type": "string",
                      "description_kind": "plain",
                      "optional": true
                    },
                    "delete": {
                      "type": "string",
                      "description_kind": "plain",
                      "optional": true
                    },
                    "update": {
                      "type": "string",
                      "description_kind": "plain",
                      "optional": true
                    }
                  },
                  "description_kind": "plain"
                }
              }
            },
            "description_kind": "plain"
          }
        },
        "ovh_cloud_project_database_postgresql_user": {
          "version": 0,
          "block": {
            "attributes": {
              "cluster_id": {
                "type": "string",
                "description": "Id of the database cluster",
                "description_kind": "plain",
                "required": true
              },
              "created_at": {
                "type": "string",
                "description": "Date of the creation of the user",
                "description_kind": "plain",
                "computed": true
              },
              "id": {
                "type": "string",
                "description_kind": "plain",
                "optional": true,
                "computed": true
              },
              "name": {
                "type": "string",
                "description": "Name of the user",
                "description_kind": "plain",
                "required": true
              },
              "password": {
                "type": "string",
                "description": "Password of the user",
                "description_kind": "plain",
                "computed": true,
                "sensitive": true
              },
              "password_reset": {
                "type": "string",
                "description": "Arbitrary string to change to trigger a password update",
                "description_kind": "plain",
                "optional": true
              },
              "roles": {
                "type": [
                  "set",
                  "string"
                ],
                "description": "Roles the user belongs to",
                "description_kind": "plain",
                "optional": true,
                "computed": true
              },
              "service_name": {
                "type": "string",
                "description_kind": "plain",
                "required": true
              },
              "status": {
                "type": "string",
                "description": "Current status of the user",
                "description_kind": "plain",
                "computed": true
              }
            },
            "block_types": {
              "timeouts": {
                "nesting_mode": "single",
                "block": {
                  "attributes": {
                    "create": {
                      "type": "string",
                      "description_kind": "plain",
                      "optional": true
                    },
                    "delete": {
                      "type": "string",
                      "description_kind": "plain",
                      "optional": true
                    },
                    "update": {
                      "type": "string",
                      "description_kind": "plain",
                      "optional": true
                    }
                  },
                  "description_kind": "plain"
                }
              }
            },
            "description_kind": "plain"
          }
        },
        "ovh_cloud_project_database_redis_user": {
          "version": 0,
          "block": {
            "attributes": {
              "categories": {
                "type": [
                  "set",
                  "string"
                ],
                "description": "Categories of the user",
                "description_kind": "plain",
                "optional": true
              },
              "channels": {
                "type": [
                  "set",
                  "string"
                ],
                "description": "Channels of the user",
                "description_kind": "plain",
                "optional": true,
                "computed": true
              },
              "cluster_id": {
                "type": "string",
                "description": "Id of the database cluster",
                "description_kind": "plain",
                "required": true
              },
              "commands": {
                "type": [
                  "set",
                  "string"
                ],
                "description": "Commands of the user",
                "description_kind": "plain",
                "optional": true
              },
              "created_at": {
                "type": "string",
                "description": "Date of the creation of the user",
                "description_kind": "plain",
                "computed": true
              },
              "id": {
                "type": "string",
                "description_kind": "plain",
                "optional": true,
                "computed": true
              },
              "keys": {
                "type": [
                  "set",
                  "string"
                ],
                "description": "Keys of the user",
                "description_kind": "plain",
                "optional": true
              },
              "name": {
                "type": "string",
                "description": "Name of the user",
                "description_kind": "plain",
                "required": true
              },
              "password": {
                "type": "string",
                "description": "Password of the user",
                "description_kind": "plain",
                "computed": true,
                "sensitive": true
              },
              "password_reset": {
                "type": "string",
                "description": "Arbitrary string to change to trigger a password update",
                "description_kind": "plain",
                "optional": true
              },
              "service_name": {
                "type": "string",
                "description_kind": "plain",
                "required": true
              },
              "status": {
                "type": "string",
                "description": "Current status of the user",
                "description_kind": "plain",
                "computed": true
              }
            },
            "block_types": {
              "timeouts": {
                "nesting_mode": "single",
                "block": {
                  "attributes": {
                    "create": {
                      "type": "string",
                      "description_kind": "plain",
                      "optional": true
                    },
                    "delete": {
                      "type": "string",
                      "description_kind": "plain",
                      "optional": true
                    },
                    "update": {
                      "type": "string",
                      "description_kind": "plain",
                      "optional": true
                    }
                  },
                  "description_kind": "plain"
                }
              }
            },
            "description_kind": "plain"
          }
        },
        "ovh_cloud_project_database_user": {
          "version": 0,
          "block": {
            "attributes": {
              "cluster_id": {
                "type": "string",
                "description": "Id of the database cluster",
                "description_kind": "plain",
                "required": true
              },
              "created_at": {
                "type": "string",
                "description": "Date of the creation of the user",
                "description_kind": "plain",
                "computed": true
              },
              "engine": {
                "type": "string",
                "description": "Name of the engine of the service",
                "description_kind": "plain",
                "required": true
              },
              "id": {
                "type": "string",
                "description_kind": "plain",
                "optional": true,
                "computed": true
              },
              "name": {
                "type": "string",
                "description": "Name of the user",
                "description_kind": "plain",
                "required": true
              },
              "password": {
                "type": "string",
                "description": "Password of the user",
                "description_kind": "plain",
                "computed": true,
                "sensitive": true
              },
              "password_reset": {
                "type": "string",
                "description": "Arbitrary string to change to trigger a password update",
                "description_kind": "plain",
                "optional": true
              },
              "service_name": {
                "type": "string",
                "description_kind": "plain",
                "required": true
              },
              "status": {
                "type": "string",
                "description": "Current status of the user",
                "description_kind": "plain",
                "computed": true
              }
            },
            "block_types": {
              "timeouts": {
                "nesting_mode": "single",
                "block": {
                  "attributes": {
                    "create": {
                      "type": "string",
                      "description_kind": "plain",
                      "optional": true
                    },
                    "delete": {
                      "type": "string",
                      "description_kind": "plain",
                      "optional": true
                    },
                    "update": {
                      "type": "string",
                      "description_kind": "plain",
                      "optional": true
                    }
                  },
                  "description_kind": "plain"
                }
              }
            },
            "description_kind": "plain"
          }
        },
        "ovh_cloud_project_failover_ip_attach": {
          "version": 0,
          "block": {
            "attributes": {
              "block": {
                "type": "string",
                "description": "IP block",
                "description_kind": "plain",
                "optional": true,
                "computed": true
              },
              "continent_code": {
                "type": "string",
                "description": "Ip continent",
                "description_kind": "plain",
                "optional": true,
                "computed": true
              },
              "geo_loc": {
                "type": "string",
                "description": "Ip location",
                "description_kind": "plain",
                "optional": true,
                "computed": true
              },
              "id": {
                "type": "string",
                "description": "Ip id",
                "description_kind": "plain",
                "computed": true
              },
              "ip": {
                "type": "string",
                "description": "Ip",
                "description_kind": "plain",
                "optional": true,
                "computed": true
              },
              "progress": {
                "type": "number",
                "description": "Current operation progress in percent",
                "description_kind": "plain",
                "computed": true
              },
              "routed_to": {
                "type": "string",
                "description": "Instance where ip is routed to",
                "description_kind": "plain",
                "optional": true,
                "computed": true
              },
              "service_name": {
                "type": "string",
                "description": "The service name",
                "description_kind": "plain",
                "required": true
              },
              "status": {
                "type": "string",
                "description": "Ip status",
                "description_kind": "plain",
                "computed": true
              },
              "sub_type": {
                "type": "string",
                "description": "IP sub type",
                "description_kind": "plain",
                "computed": true
              }
            },
            "description_kind": "plain"
          }
        },
        "ovh_cloud_project_kube": {
          "version": 0,
          "block": {
            "attributes": {
              "control_plane_is_up_to_date": {
                "type": "bool",
                "description_kind": "plain",
                "computed": true
              },
              "id": {
                "type": "string",
                "description_kind": "plain",
                "optional": true,
                "computed": true
              },
              "is_up_to_date": {
                "type": "bool",
                "description_kind": "plain",
                "computed": true
              },
              "kube_proxy_mode": {
                "type": "string",
                "description_kind": "plain",
                "optional": true,
                "computed": true
              },
              "kubeconfig": {
                "type": "string",
                "description_kind": "plain",
                "computed": true,
                "sensitive": true
              },
              "kubeconfig_attributes": {
                "type": [
                  "list",
                  [
                    "object",
                    {
                      "client_certificate": "string",
                      "client_key": "string",
                      "cluster_ca_certificate": "string",
                      "host": "string"
                    }
                  ]
                ],
                "description": "The kubeconfig configuration file of the Kubernetes cluster",
                "description_kind": "plain",
                "computed": true,
                "sensitive": true
              },
              "name": {
                "type": "string",
                "description_kind": "plain",
                "optional": true
              },
              "next_upgrade_versions": {
                "type": [
                  "set",
                  "string"
                ],
                "description_kind": "plain",
                "computed": true
              },
              "nodes_url": {
                "type": "string",
                "description_kind": "plain",
                "computed": true
              },
              "private_network_id": {
                "type": "string",
                "description_kind": "plain",
                "optional": true
              },
              "region": {
                "type": "string",
                "description_kind": "plain",
                "required": true
              },
              "service_name": {
                "type": "string",
                "description_kind": "plain",
                "required": true
              },
              "status": {
                "type": "string",
                "description_kind": "plain",
                "computed": true
              },
              "update_policy": {
                "type": "string",
                "description_kind": "plain",
                "optional": true,
                "computed": true
              },
              "url": {
                "type": "string",
                "description_kind": "plain",
                "computed": true
              },
              "version": {
                "type": "string",
                "description_kind": "plain",
                "optional": true,
                "computed": true
              }
            },
            "block_types": {
              "customization": {
                "nesting_mode": "set",
                "block": {
                  "block_types": {
                    "apiserver": {
                      "nesting_mode": "set",
                      "block": {
                        "block_types": {
                          "admissionplugins": {
                            "nesting_mode": "set",
                            "block": {
                              "attributes": {
                                "disabled": {
                                  "type": [
                                    "list",
                                    "string"
                                  ],
                                  "description_kind": "plain",
                                  "optional": true,
                                  "computed": true
                                },
                                "enabled": {
                                  "type": [
                                    "list",
                                    "string"
                                  ],
                                  "description_kind": "plain",
                                  "optional": true,
                                  "computed": true
                                }
                              },
                              "description_kind": "plain"
                            }
                          }
                        },
                        "description_kind": "plain",
                        "deprecated": true
                      }
                    }
                  },
                  "description_kind": "plain",
                  "deprecated": true
                }
              },
              "customization_apiserver": {
                "nesting_mode": "set",
                "block": {
                  "block_types": {
                    "admissionplugins": {
                      "nesting_mode": "set",
                      "block": {
                        "attributes": {
                          "disabled": {
                            "type": [
                              "list",
                              "string"
                            ],
                            "description_kind": "plain",
                            "optional": true,
                            "computed": true
                          },
                          "enabled": {
                            "type": [
                              "list",
                              "string"
                            ],
                            "description_kind": "plain",
                            "optional": true,
                            "computed": true
                          }
                        },
                        "description_kind": "plain"
                      }
                    }
                  },
                  "description_kind": "plain"
                }
              },
              "customization_kube_proxy": {
                "nesting_mode": "set",
                "block": {
                  "block_types": {
                    "iptables": {
                      "nesting_mode": "set",
                      "block": {
                        "attributes": {
                          "min_sync_period": {
                            "type": "string",
                            "description_kind": "plain",
                            "optional": true
                          },
                          "sync_period": {
                            "type": "string",
                            "description_kind": "plain",
                            "optional": true
                          }
                        },
                        "description_kind": "plain"
                      },
                      "max_items": 1
                    },
                    "ipvs": {
                      "nesting_mode": "set",
                      "block": {
                        "attributes": {
                          "min_sync_period": {
                            "type": "string",
                            "description_kind": "plain",
                            "optional": true
                          },
                          "scheduler": {
                            "type": "string",
                            "description_kind": "plain",
                            "optional": true
                          },
                          "sync_period": {
                            "type": "string",
                            "description_kind": "plain",
                            "optional": true
                          },
                          "tcp_fin_timeout": {
                            "type": "string",
                            "description_kind": "plain",
                            "optional": true
                          },
                          "tcp_timeout": {
                            "type": "string",
                            "description_kind": "plain",
                            "optional": true
                          },
                          "udp_timeout": {
                            "type": "string",
                            "description_kind": "plain",
                            "optional": true
                          }
                        },
                        "description_kind": "plain"
                      },
                      "max_items": 1
                    }
                  },
                  "description_kind": "plain"
                },
                "max_items": 1
              },
              "private_network_configuration": {
                "nesting_mode": "set",
                "block": {
                  "attributes": {
                    "default_vrack_gateway": {
                      "type": "string",
                      "description": "If defined, all egress traffic will be routed towards this IP address, which should belong to the private network. Empty string means disabled.",
                      "description_kind": "plain",
                      "required": true
                    },
                    "private_network_routing_as_default": {
                      "type": "bool",
                      "description": "Defines whether routing should default to using the nodes' private interface, instead of their public interface. Default is false.",
                      "description_kind": "plain",
                      "required": true
                    }
                  },
                  "description_kind": "plain"
                },
                "max_items": 1
              },
              "timeouts": {
                "nesting_mode": "single",
                "block": {
                  "attributes": {
                    "create": {
                      "type": "string",
                      "description_kind": "plain",
                      "optional": true
                    },
                    "default": {
                      "type": "string",
                      "description_kind": "plain",
                      "optional": true
                    },
                    "delete": {
                      "type": "string",
                      "description_kind": "plain",
                      "optional": true
                    },
                    "read": {
                      "type": "string",
                      "description_kind": "plain",
                      "optional": true
                    },
                    "update": {
                      "type": "string",
                      "description_kind": "plain",
                      "optional": true
                    }
                  },
                  "description_kind": "plain"
                }
              }
            },
            "description_kind": "plain"
          }
        },
        "ovh_cloud_project_kube_iprestrictions": {
          "version": 0,
          "block": {
            "attributes": {
              "id": {
                "type": "string",
                "description_kind": "plain",
                "optional": true,
                "computed": true
              },
              "ips": {
                "type": [
                  "set",
                  "string"
                ],
                "description": "List of IP restrictions for the cluster",
                "description_kind": "plain",
                "required": true
              },
              "kube_id": {
                "type": "string",
                "description": "Kube ID",
                "description_kind": "plain",
                "required": true
              },
              "service_name": {
                "type": "string",
                "description": "Service name",
                "description_kind": "plain",
                "required": true
              }
            },
            "block_types": {
              "timeouts": {
                "nesting_mode": "single",
                "block": {
                  "attributes": {
                    "create": {
                      "type": "string",
                      "description_kind": "plain",
                      "optional": true
                    },
                    "default": {
                      "type": "string",
                      "description_kind": "plain",
                      "optional": true
                    },
                    "delete": {
                      "type": "string",
                      "description_kind": "plain",
                      "optional": true
                    },
                    "read": {
                      "type": "string",
                      "description_kind": "plain",
                      "optional": true
                    },
                    "update": {
                      "type": "string",
                      "description_kind": "plain",
                      "optional": true
                    }
                  },
                  "description_kind": "plain"
                }
              }
            },
            "description_kind": "plain"
          }
        },
        "ovh_cloud_project_kube_nodepool": {
          "version": 0,
          "block": {
            "attributes": {
              "anti_affinity": {
                "type": "bool",
                "description": "Enable anti affinity groups for nodes in the pool",
                "description_kind": "plain",
                "optional": true,
                "computed": true
              },
              "autoscale": {
                "type": "bool",
                "description": "Enable auto-scaling for the pool",
                "description_kind": "plain",
                "optional": true,
                "computed": true
              },
              "available_nodes": {
                "type": "number",
                "description": "Number of nodes which are actually ready in the pool",
                "description_kind": "plain",
                "computed": true
              },
              "created_at": {
                "type": "string",
                "description": "Creation date",
                "description_kind": "plain",
                "computed": true
              },
              "current_nodes": {
                "type": "number",
                "description": "Number of nodes present in the pool",
                "description_kind": "plain",
                "computed": true
              },
              "desired_nodes": {
                "type": "number",
                "description": "Number of nodes you desire in the pool",
                "description_kind": "plain",
                "optional": true,
                "computed": true
              },
              "flavor": {
                "type": "string",
                "description": "Flavor name",
                "description_kind": "plain",
                "computed": true
              },
              "flavor_name": {
                "type": "string",
                "description": "Flavor name",
                "description_kind": "plain",
                "required": true
              },
              "id": {
                "type": "string",
                "description_kind": "plain",
                "optional": true,
                "computed": true
              },
              "kube_id": {
                "type": "string",
                "description": "Kube ID",
                "description_kind": "plain",
                "required": true
              },
              "max_nodes": {
                "type": "number",
                "description": "Number of nodes you desire in the pool",
                "description_kind": "plain",
                "optional": true,
                "computed": true
              },
              "min_nodes": {
                "type": "number",
                "description": "Number of nodes you desire in the pool",
                "description_kind": "plain",
                "optional": true,
                "computed": true
              },
              "monthly_billed": {
                "type": "bool",
                "description": "Enable monthly billing on all nodes in the pool",
                "description_kind": "plain",
                "optional": true,
                "computed": true
              },
              "name": {
                "type": "string",
                "description": "NodePool resource name",
                "description_kind": "plain",
                "optional": true,
                "computed": true
              },
              "project_id": {
                "type": "string",
                "description": "Project id",
                "description_kind": "plain",
                "computed": true
              },
              "service_name": {
                "type": "string",
                "description": "Service name",
                "description_kind": "plain",
                "required": true
              },
              "size_status": {
                "type": "string",
                "description": "Status describing the state between number of nodes wanted and available ones",
                "description_kind": "plain",
                "computed": true
              },
              "status": {
                "type": "string",
                "description": "Current status",
                "description_kind": "plain",
                "computed": true
              },
              "up_to_date_nodes": {
                "type": "number",
                "description": "Number of nodes with latest version installed in the pool",
                "description_kind": "plain",
                "computed": true
              },
              "updated_at": {
                "type": "string",
                "description": "Last update date",
                "description_kind": "plain",
                "computed": true
              }
            },
            "block_types": {
              "template": {
                "nesting_mode": "set",
                "block": {
                  "block_types": {
                    "metadata": {
                      "nesting_mode": "set",
                      "block": {
                        "attributes": {
                          "annotations": {
                            "type": [
                              "map",
                              "string"
                            ],
                            "description": "annotations",
                            "description_kind": "plain",
                            "required": true
                          },
                          "finalizers": {
                            "type": [
                              "list",
                              "string"
                            ],
                            "description": "finalizers",
                            "description_kind": "plain",
                            "required": true
                          },
                          "labels": {
                            "type": [
                              "map",
                              "string"
                            ],
                            "description": "labels",
                            "description_kind": "plain",
                            "required": true
                          }
                        },
                        "description": "metadata",
                        "description_kind": "plain"
                      },
                      "min_items": 1,
                      "max_items": 1
                    },
                    "spec": {
                      "nesting_mode": "set",
                      "block": {
                        "attributes": {
                          "taints": {
                            "type": [
                              "list",
                              [
                                "map",
                                "string"
                              ]
                            ],
                            "description": "taints",
                            "description_kind": "plain",
                            "required": true
                          },
                          "unschedulable": {
                            "type": "bool",
                            "description": "unschedulable",
                            "description_kind": "plain",
                            "required": true
                          }
                        },
                        "description": "spec",
                        "description_kind": "plain"
                      },
                      "min_items": 1,
                      "max_items": 1
                    }
                  },
                  "description": "Node pool template",
                  "description_kind": "plain"
                },
                "max_items": 1
              },
              "timeouts": {
                "nesting_mode": "single",
                "block": {
                  "attributes": {
                    "create": {
                      "type": "string",
                      "description_kind": "plain",
                      "optional": true
                    },
                    "default": {
                      "type": "string",
                      "description_kind": "plain",
                      "optional": true
                    },
                    "delete": {
                      "type": "string",
                      "description_kind": "plain",
                      "optional": true
                    },
                    "read": {
                      "type": "string",
                      "description_kind": "plain",
                      "optional": true
                    },
                    "update": {
                      "type": "string",
                      "description_kind": "plain",
                      "optional": true
                    }
                  },
                  "description_kind": "plain"
                }
              }
            },
            "description_kind": "plain"
          }
        },
        "ovh_cloud_project_kube_oidc": {
          "version": 0,
          "block": {
            "attributes": {
              "client_id": {
                "type": "string",
                "description_kind": "plain",
                "required": true
              },
              "id": {
                "type": "string",
                "description_kind": "plain",
                "optional": true,
                "computed": true
              },
              "issuer_url": {
                "type": "string",
                "description_kind": "plain",
                "required": true
              },
              "kube_id": {
                "type": "string",
                "description_kind": "plain",
                "required": true
              },
              "oidc_ca_content": {
                "type": "string",
                "description_kind": "plain",
                "optional": true
              },
              "oidc_groups_claim": {
                "type": [
                  "list",
                  "string"
                ],
                "description_kind": "plain",
                "optional": true
              },
              "oidc_groups_prefix": {
                "type": "string",
                "description_kind": "plain",
                "optional": true
              },
              "oidc_required_claim": {
                "type": [
                  "list",
                  "string"
                ],
                "description_kind": "plain",
                "optional": true
              },
              "oidc_signing_algs": {
                "type": [
                  "list",
                  "string"
                ],
                "description_kind": "plain",
                "optional": true
              },
              "oidc_username_claim": {
                "type": "string",
                "description_kind": "plain",
                "optional": true
              },
              "oidc_username_prefix": {
                "type": "string",
                "description_kind": "plain",
                "optional": true
              },
              "service_name": {
                "type": "string",
                "description_kind": "plain",
                "required": true
              }
            },
            "block_types": {
              "timeouts": {
                "nesting_mode": "single",
                "block": {
                  "attributes": {
                    "create": {
                      "type": "string",
                      "description_kind": "plain",
                      "optional": true
                    },
                    "default": {
                      "type": "string",
                      "description_kind": "plain",
                      "optional": true
                    },
                    "delete": {
                      "type": "string",
                      "description_kind": "plain",
                      "optional": true
                    },
                    "read": {
                      "type": "string",
                      "description_kind": "plain",
                      "optional": true
                    },
                    "update": {
                      "type": "string",
                      "description_kind": "plain",
                      "optional": true
                    }
                  },
                  "description_kind": "plain"
                }
              }
            },
            "description_kind": "plain"
          }
        },
        "ovh_cloud_project_network_private": {
          "version": 0,
          "block": {
            "attributes": {
              "id": {
                "type": "string",
                "description_kind": "plain",
                "optional": true,
                "computed": true
              },
              "name": {
                "type": "string",
                "description_kind": "plain",
                "required": true
              },
              "regions": {
                "type": [
                  "set",
                  "string"
                ],
                "description_kind": "plain",
                "optional": true,
                "computed": true
              },
              "regions_attributes": {
                "type": [
                  "set",
                  [
                    "object",
                    {
                      "openstackid": "string",
                      "region": "string",
                      "status": "string"
                    }
                  ]
                ],
                "description_kind": "plain",
                "computed": true
              },
              "regions_status": {
                "type": [
                  "set",
                  [
                    "object",
                    {
                      "region": "string",
                      "status": "string"
                    }
                  ]
                ],
                "description_kind": "plain",
                "deprecated": true,
                "computed": true
              },
              "service_name": {
                "type": "string",
                "description": "Service name of the resource representing the id of the cloud project.",
                "description_kind": "plain",
                "required": true
              },
              "status": {
                "type": "string",
                "description_kind": "plain",
                "computed": true
              },
              "type": {
                "type": "string",
                "description_kind": "plain",
                "computed": true
              },
              "vlan_id": {
                "type": "number",
                "description_kind": "plain",
                "optional": true
              }
            },
            "description_kind": "plain"
          }
        },
        "ovh_cloud_project_network_private_subnet": {
          "version": 0,
          "block": {
            "attributes": {
              "cidr": {
                "type": "string",
                "description_kind": "plain",
                "computed": true
              },
              "dhcp": {
                "type": "bool",
                "description_kind": "plain",
                "optional": true
              },
              "end": {
                "type": "string",
                "description_kind": "plain",
                "required": true
              },
              "gateway_ip": {
                "type": "string",
                "description_kind": "plain",
                "computed": true
              },
              "id": {
                "type": "string",
                "description_kind": "plain",
                "optional": true,
                "computed": true
              },
              "ip_pools": {
                "type": [
                  "set",
                  [
                    "object",
                    {
                      "dhcp": "bool",
                      "end": "string",
                      "network": "string",
                      "region": "string",
                      "start": "string"
                    }
                  ]
                ],
                "description_kind": "plain",
                "computed": true
              },
              "network": {
                "type": "string",
                "description_kind": "plain",
                "required": true
              },
              "network_id": {
                "type": "string",
                "description_kind": "plain",
                "required": true
              },
              "no_gateway": {
                "type": "bool",
                "description_kind": "plain",
                "optional": true
              },
              "region": {
                "type": "string",
                "description_kind": "plain",
                "required": true
              },
              "service_name": {
                "type": "string",
                "description": "Service name of the resource representing the id of the cloud project.",
                "description_kind": "plain",
                "required": true
              },
              "start": {
                "type": "string",
                "description_kind": "plain",
                "required": true
              }
            },
            "description_kind": "plain"
          }
        },
        "ovh_cloud_project_region_storage_presign": {
          "version": 0,
          "block": {
            "attributes": {
              "expire": {
                "type": "number",
                "description": "How long (in seconds) the URL will be valid.",
                "description_kind": "plain",
                "required": true
              },
              "id": {
                "type": "string",
                "description_kind": "plain",
                "optional": true,
                "computed": true
              },
              "method": {
                "type": "string",
                "description_kind": "plain",
                "required": true
              },
              "name": {
                "type": "string",
                "description": "The S3 storage container's name.",
                "description_kind": "plain",
                "required": true
              },
              "object": {
                "type": "string",
                "description": "Name of the object to download or upload.",
                "description_kind": "plain",
                "required": true
              },
              "region_name": {
                "type": "string",
                "description": "Region name.",
                "description_kind": "plain",
                "required": true
              },
              "service_name": {
                "type": "string",
                "description": "Service name of the resource representing the ID of the cloud project.",
                "description_kind": "plain",
                "required": true
              },
              "url": {
                "type": "string",
                "description": "Presigned URL.",
                "description_kind": "plain",
                "computed": true
              }
            },
            "description_kind": "plain"
          }
        },
        "ovh_cloud_project_user": {
          "version": 0,
          "block": {
            "attributes": {
              "creation_date": {
                "type": "string",
                "description_kind": "plain",
                "computed": true
              },
              "description": {
                "type": "string",
                "description_kind": "plain",
                "optional": true
              },
              "id": {
                "type": "string",
                "description_kind": "plain",
                "optional": true,
                "computed": true
              },
              "openstack_rc": {
                "type": [
                  "map",
                  "string"
                ],
                "description_kind": "plain",
                "optional": true,
                "computed": true
              },
              "password": {
                "type": "string",
                "description_kind": "plain",
                "computed": true,
                "sensitive": true
              },
              "role_name": {
                "type": "string",
                "description_kind": "plain",
                "optional": true
              },
              "role_names": {
                "type": [
                  "list",
                  "string"
                ],
                "description_kind": "plain",
                "optional": true
              },
              "roles": {
                "type": [
                  "list",
                  [
                    "object",
                    {
                      "description": "string",
                      "id": "string",
                      "name": "string",
                      "permissions": [
                        "set",
                        "string"
                      ]
                    }
                  ]
                ],
                "description_kind": "plain",
                "computed": true
              },
              "service_name": {
                "type": "string",
                "description": "Service name of the resource representing the id of the cloud project.",
                "description_kind": "plain",
                "required": true
              },
              "status": {
                "type": "string",
                "description_kind": "plain",
                "computed": true
              },
              "username": {
                "type": "string",
                "description_kind": "plain",
                "computed": true
              }
            },
            "description_kind": "plain"
          }
        },
        "ovh_cloud_project_user_s3_credential": {
          "version": 0,
          "block": {
            "attributes": {
              "access_key_id": {
                "type": "string",
                "description_kind": "plain",
                "computed": true
              },
              "id": {
                "type": "string",
                "description_kind": "plain",
                "optional": true,
                "computed": true
              },
              "internal_user_id": {
                "type": "string",
                "description_kind": "plain",
                "computed": true
              },
              "secret_access_key": {
                "type": "string",
                "description_kind": "plain",
                "computed": true,
                "sensitive": true
              },
              "service_name": {
                "type": "string",
                "description": "Service name of the resource representing the ID of the cloud project.",
                "description_kind": "plain",
                "required": true
              },
              "user_id": {
                "type": "string",
                "description": "The user ID",
                "description_kind": "plain",
                "required": true
              }
            },
            "description_kind": "plain"
          }
        },
        "ovh_cloud_project_user_s3_policy": {
          "version": 0,
          "block": {
            "attributes": {
              "id": {
                "type": "string",
                "description_kind": "plain",
                "optional": true,
                "computed": true
              },
              "policy": {
                "type": "string",
                "description": "The policy document. This is a JSON formatted string.",
                "description_kind": "plain",
                "required": true
              },
              "service_name": {
                "type": "string",
                "description": "Service name of the resource representing the ID of the cloud project.",
                "description_kind": "plain",
                "required": true
              },
              "user_id": {
                "type": "string",
                "description": "The user ID",
                "description_kind": "plain",
                "required": true
              }
            },
            "description_kind": "plain"
          }
        },
        "ovh_cloud_project_workflow_backup": {
          "version": 0,
          "block": {
            "attributes": {
              "backup_name": {
                "type": "string",
                "description_kind": "plain",
                "optional": true,
                "computed": true
              },
              "created_at": {
                "type": "string",
                "description_kind": "plain",
                "computed": true
              },
              "cron": {
                "type": "string",
                "description_kind": "plain",
                "required": true
              },
              "id": {
                "type": "string",
                "description_kind": "plain",
                "computed": true
              },
              "instance_id": {
                "type": "string",
                "description_kind": "plain",
                "required": true
              },
              "max_execution_count": {
                "type": "number",
                "description_kind": "plain",
                "optional": true
              },
              "name": {
                "type": "string",
                "description_kind": "plain",
                "required": true
              },
              "region_name": {
                "type": "string",
                "description": "Region name.",
                "description_kind": "plain",
                "required": true
              },
              "rotation": {
                "type": "number",
                "description_kind": "plain",
                "required": true
              },
              "service_name": {
                "type": "string",
                "description_kind": "plain",
                "required": true
              }
            },
            "description_kind": "plain"
          }
        },
        "ovh_dbaas_logs_cluster": {
          "version": 0,
          "block": {
            "attributes": {
              "archive_allowed_networks": {
                "type": [
                  "set",
                  "string"
                ],
                "description": "Allowed networks for ARCHIVE flow type",
                "description_kind": "plain",
                "optional": true
              },
              "cluster_type": {
                "type": "string",
                "description": "Cluster type",
                "description_kind": "plain",
                "computed": true
              },
              "dedicated_input_pem": {
                "type": "string",
                "description": "PEM for dedicated inputs",
                "description_kind": "plain",
                "computed": true,
                "sensitive": true
              },
              "direct_input_allowed_networks": {
                "type": [
                  "set",
                  "string"
                ],
                "description": "Allowed networks for DIRECT_INPUT flow type",
                "description_kind": "plain",
                "optional": true
              },
              "direct_input_pem": {
                "type": "string",
                "description": "PEM for direct inputs",
                "description_kind": "plain",
                "computed": true,
                "sensitive": true
              },
              "hostname": {
                "type": "string",
                "description": "hostname",
                "description_kind": "plain",
                "computed": true
              },
              "id": {
                "type": "string",
                "description_kind": "plain",
                "optional": true,
                "computed": true
              },
              "initial_archive_allowed_networks": {
                "type": [
                  "set",
                  "string"
                ],
                "description": "Initial allowed networks for ARCHIVE flow type",
                "description_kind": "plain",
                "computed": true,
                "sensitive": true
              },
              "initial_direct_input_allowed_networks": {
                "type": [
                  "set",
                  "string"
                ],
                "description": "Initial allowed networks for DIRECT_INPUT flow type",
                "description_kind": "plain",
                "computed": true,
                "sensitive": true
              },
              "initial_query_allowed_networks": {
                "type": [
                  "set",
                  "string"
                ],
                "description": "Initial allowed networks for QUERY flow type",
                "description_kind": "plain",
                "computed": true,
                "sensitive": true
              },
              "is_default": {
                "type": "bool",
                "description": "All content generated by given service will be placed on this cluster",
                "description_kind": "plain",
                "computed": true
              },
              "is_unlocked": {
                "type": "bool",
                "description": "Allow given service to perform advanced operations on cluster",
                "description_kind": "plain",
                "computed": true
              },
              "query_allowed_networks": {
                "type": [
                  "set",
                  "string"
                ],
                "description": "Allowed networks for QUERY flow type",
                "description_kind": "plain",
                "optional": true
              },
              "region": {
                "type": "string",
                "description": "Data center localization",
                "description_kind": "plain",
                "computed": true
              },
              "service_name": {
                "type": "string",
                "description_kind": "plain",
                "required": true
              }
            },
            "description_kind": "plain"
          }
        },
        "ovh_dbaas_logs_input": {
          "version": 0,
          "block": {
            "attributes": {
              "allowed_networks": {
                "type": [
                  "list",
                  "string"
                ],
                "description": "IP blocks",
                "description_kind": "plain",
                "optional": true,
                "computed": true
              },
              "created_at": {
                "type": "string",
                "description": "Input creation",
                "description_kind": "plain",
                "computed": true
              },
              "description": {
                "type": "string",
                "description": "Input description",
                "description_kind": "plain",
                "required": true
              },
              "engine_id": {
                "type": "string",
                "description": "Input engine ID",
                "description_kind": "plain",
                "required": true
              },
              "exposed_port": {
                "type": "string",
                "description": "Port",
                "description_kind": "plain",
                "optional": true,
                "computed": true
              },
              "hostname": {
                "type": "string",
                "description": "Hostname",
                "description_kind": "plain",
                "computed": true
              },
              "id": {
                "type": "string",
                "description_kind": "plain",
                "optional": true,
                "computed": true
              },
              "input_id": {
                "type": "string",
                "description": "Input ID",
                "description_kind": "plain",
                "computed": true
              },
              "is_restart_required": {
                "type": "bool",
                "description": "Indicate if input need to be restarted",
                "description_kind": "plain",
                "computed": true
              },
              "nb_instance": {
                "type": "number",
                "description": "Number of instance running",
                "description_kind": "plain",
                "optional": true,
                "computed": true
              },
              "public_address": {
                "type": "string",
                "description": "Input IP address",
                "description_kind": "plain",
                "computed": true
              },
              "service_name": {
                "type": "string",
                "description_kind": "plain",
                "required": true
              },
              "ssl_certificate": {
                "type": "string",
                "description": "Input SSL certificate",
                "description_kind": "plain",
                "computed": true,
                "sensitive": true
              },
              "status": {
                "type": "string",
                "description": "init: configuration required, pending: ready to start, running: available",
                "description_kind": "plain",
                "computed": true
              },
              "stream_id": {
                "type": "string",
                "description": "Associated Graylog stream",
                "description_kind": "plain",
                "required": true
              },
              "title": {
                "type": "string",
                "description": "Input title",
                "description_kind": "plain",
                "required": true
              },
              "updated_at": {
                "type": "string",
                "description": "Input last update",
                "description_kind": "plain",
                "computed": true
              }
            },
            "block_types": {
              "configuration": {
                "nesting_mode": "list",
                "block": {
                  "block_types": {
                    "flowgger": {
                      "nesting_mode": "list",
                      "block": {
                        "attributes": {
                          "log_format": {
                            "type": "string",
                            "description": "Type of format to decode",
                            "description_kind": "plain",
                            "required": true
                          },
                          "log_framing": {
                            "type": "string",
                            "description": "Indicates how messages are delimited",
                            "description_kind": "plain",
                            "required": true
                          }
                        },
                        "description": "Flowgger configuration",
                        "description_kind": "plain"
                      },
                      "max_items": 1
                    },
                    "logstash": {
                      "nesting_mode": "list",
                      "block": {
                        "attributes": {
                          "filter_section": {
                            "type": "string",
                            "description": "The filter section of logstash.conf",
                            "description_kind": "plain",
                            "optional": true
                          },
                          "input_section": {
                            "type": "string",
                            "description": "The filter section of logstash.conf",
                            "description_kind": "plain",
                            "required": true
                          },
                          "pattern_section": {
                            "type": "string",
                            "description": "The list of customs Grok patterns",
                            "description_kind": "plain",
                            "optional": true
                          }
                        },
                        "description": "Logstash configuration",
                        "description_kind": "plain"
                      },
                      "max_items": 1
                    }
                  },
                  "description": "Input configuration",
                  "description_kind": "plain"
                },
                "min_items": 1,
                "max_items": 1
              }
            },
            "description_kind": "plain"
          }
        },
        "ovh_dbaas_logs_output_graylog_stream": {
          "version": 0,
          "block": {
            "attributes": {
              "can_alert": {
                "type": "bool",
                "description": "Indicates if the current user can create alert on the stream",
                "description_kind": "plain",
                "computed": true
              },
              "cold_storage_compression": {
                "type": "string",
                "description": "Cold storage compression method",
                "description_kind": "plain",
                "optional": true,
                "computed": true
              },
              "cold_storage_content": {
                "type": "string",
                "description": "ColdStorage content",
                "description_kind": "plain",
                "optional": true,
                "computed": true
              },
              "cold_storage_enabled": {
                "type": "bool",
                "description": "Is Cold storage enabled?",
                "description_kind": "plain",
                "optional": true,
                "computed": true
              },
              "cold_storage_notify_enabled": {
                "type": "bool",
                "description": "Notify on new Cold storage archive",
                "description_kind": "plain",
                "optional": true,
                "computed": true
              },
              "cold_storage_retention": {
                "type": "number",
                "description": "Cold storage retention in year",
                "description_kind": "plain",
                "optional": true,
                "computed": true
              },
              "cold_storage_target": {
                "type": "string",
                "description": "ColdStorage destination",
                "description_kind": "plain",
                "optional": true,
                "computed": true
              },
              "created_at": {
                "type": "string",
                "description": "Stream creation",
                "description_kind": "plain",
                "computed": true
              },
              "description": {
                "type": "string",
                "description": "Stream description",
                "description_kind": "plain",
                "required": true
              },
              "id": {
                "type": "string",
                "description_kind": "plain",
                "optional": true,
                "computed": true
              },
              "indexing_enabled": {
                "type": "bool",
                "description": "Enable ES indexing",
                "description_kind": "plain",
                "optional": true,
                "computed": true
              },
              "indexing_max_size": {
                "type": "number",
                "description": "Maximum indexing size (in GB)",
                "description_kind": "plain",
                "optional": true,
                "computed": true
              },
              "indexing_notify_enabled": {
                "type": "bool",
                "description": "If set, notify when size is near 80, 90 or 100 % of the maximum configured setting",
                "description_kind": "plain",
                "optional": true,
                "computed": true
              },
              "is_editable": {
                "type": "bool",
                "description": "Indicates if you are allowed to edit entry",
                "description_kind": "plain",
                "computed": true
              },
              "is_shareable": {
                "type": "bool",
                "description": "Indicates if you are allowed to share entry",
                "description_kind": "plain",
                "computed": true
              },
              "nb_alert_condition": {
                "type": "number",
                "description": "Number of alert condition",
                "description_kind": "plain",
                "computed": true
              },
              "nb_archive": {
                "type": "number",
                "description": "Number of coldstored archives",
                "description_kind": "plain",
                "computed": true
              },
              "parent_stream_id": {
                "type": "string",
                "description": "Parent stream ID",
                "description_kind": "plain",
                "optional": true
              },
              "pause_indexing_on_max_size": {
                "type": "bool",
                "description": "If set, pause indexing when maximum size is reach",
                "description_kind": "plain",
                "optional": true,
                "computed": true
              },
              "retention_id": {
                "type": "string",
                "description": "Retention ID",
                "description_kind": "plain",
                "optional": true,
                "computed": true
              },
              "service_name": {
                "type": "string",
                "description": "The service name",
                "description_kind": "plain",
                "required": true
              },
              "stream_id": {
                "type": "string",
                "description": "Stream ID",
                "description_kind": "plain",
                "computed": true
              },
              "title": {
                "type": "string",
                "description": "Stream description",
                "description_kind": "plain",
                "required": true
              },
              "updated_at": {
                "type": "string",
                "description": "Stream last update",
                "description_kind": "plain",
                "computed": true
              },
              "web_socket_enabled": {
                "type": "bool",
                "description": "Enable Websocket",
                "description_kind": "plain",
                "optional": true,
                "computed": true
              }
            },
            "description_kind": "plain"
          }
        },
        "ovh_dedicated_ceph_acl": {
          "version": 0,
          "block": {
            "attributes": {
              "family": {
                "type": "string",
                "description_kind": "plain",
                "computed": true
              },
              "id": {
                "type": "string",
                "description_kind": "plain",
                "optional": true,
                "computed": true
              },
              "netmask": {
                "type": "string",
                "description_kind": "plain",
                "required": true
              },
              "network": {
                "type": "string",
                "description_kind": "plain",
                "required": true
              },
              "service_name": {
                "type": "string",
                "description_kind": "plain",
                "required": true
              }
            },
            "description_kind": "plain"
          }
        },
        "ovh_dedicated_nasha_partition": {
          "version": 0,
          "block": {
            "attributes": {
              "capacity": {
                "type": "number",
                "description_kind": "plain",
                "computed": true
              },
              "description": {
                "type": "string",
                "description_kind": "plain",
                "optional": true
              },
              "id": {
                "type": "string",
                "description_kind": "plain",
                "optional": true,
                "computed": true
              },
              "name": {
                "type": "string",
                "description_kind": "plain",
                "required": true
              },
              "protocol": {
                "type": "string",
                "description_kind": "plain",
                "required": true
              },
              "service_name": {
                "type": "string",
                "description_kind": "plain",
                "required": true
              },
              "size": {
                "type": "number",
                "description_kind": "plain",
                "required": true
              },
              "used_by_snapshots": {
                "type": "number",
                "description_kind": "plain",
                "computed": true
              }
            },
            "description_kind": "plain"
          }
        },
        "ovh_dedicated_nasha_partition_access": {
          "version": 0,
          "block": {
            "attributes": {
              "id": {
                "type": "string",
                "description_kind": "plain",
                "optional": true,
                "computed": true
              },
              "ip": {
                "type": "string",
                "description_kind": "plain",
                "required": true
              },
              "partition_name": {
                "type": "string",
                "description_kind": "plain",
                "required": true
              },
              "service_name": {
                "type": "string",
                "description_kind": "plain",
                "required": true
              },
              "type": {
                "type": "string",
                "description_kind": "plain",
                "optional": true
              }
            },
            "description_kind": "plain"
          }
        },
        "ovh_dedicated_nasha_partition_snapshot": {
          "version": 0,
          "block": {
            "attributes": {
              "id": {
                "type": "string",
                "description_kind": "plain",
                "optional": true,
                "computed": true
              },
              "partition_name": {
                "type": "string",
                "description_kind": "plain",
                "required": true
              },
              "service_name": {
                "type": "string",
                "description_kind": "plain",
                "required": true
              },
              "type": {
                "type": "string",
                "description_kind": "plain",
                "required": true
              }
            },
            "description_kind": "plain"
          }
        },
        "ovh_dedicated_server_install_task": {
          "version": 0,
          "block": {
            "attributes": {
              "bootid_on_destroy": {
                "type": "number",
                "description": "If set, reboot the server on the specified boot id during destroy phase",
                "description_kind": "plain",
                "optional": true
              },
              "comment": {
                "type": "string",
                "description": "Details of this task",
                "description_kind": "plain",
                "computed": true
              },
              "done_date": {
                "type": "string",
                "description": "Completion date",
                "description_kind": "plain",
                "computed": true
              },
              "function": {
                "type": "string",
                "description": "Function name",
                "description_kind": "plain",
                "computed": true
              },
              "id": {
                "type": "string",
                "description_kind": "plain",
                "optional": true,
                "computed": true
              },
              "last_update": {
                "type": "string",
                "description": "Last update",
                "description_kind": "plain",
                "computed": true
              },
              "partition_scheme_name": {
                "type": "string",
                "description": "Partition scheme name.",
                "description_kind": "plain",
                "optional": true
              },
              "service_name": {
                "type": "string",
                "description": "The internal name of your dedicated server.",
                "description_kind": "plain",
                "required": true
              },
              "start_date": {
                "type": "string",
                "description": "Task Creation date",
                "description_kind": "plain",
                "computed": true
              },
              "status": {
                "type": "string",
                "description": "Task status",
                "description_kind": "plain",
                "computed": true
              },
              "template_name": {
                "type": "string",
                "description": "Template name",
                "description_kind": "plain",
                "required": true
              }
            },
            "block_types": {
              "details": {
                "nesting_mode": "list",
                "block": {
                  "attributes": {
                    "change_log": {
                      "type": "string",
                      "description": "Template change log details",
                      "description_kind": "plain",
                      "deprecated": true,
                      "optional": true
                    },
                    "custom_hostname": {
                      "type": "string",
                      "description": "Set up the server using the provided hostname instead of the default hostname",
                      "description_kind": "plain",
                      "optional": true
                    },
                    "disk_group_id": {
                      "type": "number",
                      "description_kind": "plain",
                      "optional": true
                    },
                    "install_rtm": {
                      "type": "bool",
                      "description_kind": "plain",
                      "optional": true
                    },
                    "install_sql_server": {
                      "type": "bool",
                      "description_kind": "plain",
                      "optional": true
                    },
                    "language": {
                      "type": "string",
                      "description": "language",
                      "description_kind": "plain",
                      "optional": true
                    },
                    "no_raid": {
                      "type": "bool",
                      "description_kind": "plain",
                      "optional": true
                    },
                    "post_installation_script_link": {
                      "type": "string",
                      "description": "Indicate the URL where your postinstall customisation script is located",
                      "description_kind": "plain",
                      "optional": true
                    },
                    "post_installation_script_return": {
                      "type": "string",
                      "description": "indicate the string returned by your postinstall customisation script on successful execution. Advice: your script should return a unique validation string in case of succes. A good example is 'loh1Xee7eo OK OK OK UGh8Ang1Gu'",
                      "description_kind": "plain",
                      "optional": true
                    },
                    "reset_hw_raid": {
                      "type": "bool",
                      "description_kind": "plain",
                      "optional": true
                    },
                    "soft_raid_devices": {
                      "type": "number",
                      "description_kind": "plain",
                      "optional": true
                    },
                    "ssh_key_name": {
                      "type": "string",
                      "description": "Name of the ssh key that should be installed. Password login will be disabled",
                      "description_kind": "plain",
                      "optional": true
                    },
                    "use_distrib_kernel": {
                      "type": "bool",
                      "description": "Use the distribution's native kernel instead of the recommended OVH Kernel",
                      "description_kind": "plain",
                      "optional": true
                    },
                    "use_spla": {
                      "type": "bool",
                      "description_kind": "plain",
                      "optional": true
                    }
                  },
                  "description_kind": "plain"
                },
                "max_items": 1
              },
              "timeouts": {
                "nesting_mode": "single",
                "block": {
                  "attributes": {
                    "create": {
                      "type": "string",
                      "description_kind": "plain",
                      "optional": true
                    }
                  },
                  "description_kind": "plain"
                }
              }
            },
            "description_kind": "plain"
          }
        },
        "ovh_dedicated_server_networking": {
          "version": 0,
          "block": {
            "attributes": {
              "description": {
                "type": "string",
                "description": "Operation description",
                "description_kind": "plain",
                "computed": true
              },
              "id": {
                "type": "string",
                "description_kind": "plain",
                "optional": true,
                "computed": true
              },
              "service_name": {
                "type": "string",
                "description": "The internal name of your dedicated server.",
                "description_kind": "plain",
                "required": true
              },
              "status": {
                "type": "string",
                "description": "Operation status",
                "description_kind": "plain",
                "computed": true
              }
            },
            "block_types": {
              "interfaces": {
                "nesting_mode": "set",
                "block": {
                  "attributes": {
                    "macs": {
                      "type": [
                        "set",
                        "string"
                      ],
                      "description": "Interface Mac address",
                      "description_kind": "plain",
                      "required": true
                    },
                    "type": {
                      "type": "string",
                      "description": "Interface type",
                      "description_kind": "plain",
                      "required": true
                    }
                  },
                  "description": "Interface or interfaces aggregation.",
                  "description_kind": "plain"
                },
                "min_items": 1,
                "max_items": 2
              },
              "timeouts": {
                "nesting_mode": "single",
                "block": {
                  "attributes": {
                    "create": {
                      "type": "string",
                      "description_kind": "plain",
                      "optional": true
                    },
                    "delete": {
                      "type": "string",
                      "description_kind": "plain",
                      "optional": true
                    }
                  },
                  "description_kind": "plain"
                }
              }
            },
            "description_kind": "plain"
          }
        },
        "ovh_dedicated_server_reboot_task": {
          "version": 0,
          "block": {
            "attributes": {
              "comment": {
                "type": "string",
                "description": "Details of this task",
                "description_kind": "plain",
                "computed": true
              },
              "done_date": {
                "type": "string",
                "description": "Completion date",
                "description_kind": "plain",
                "computed": true
              },
              "function": {
                "type": "string",
                "description": "Function name",
                "description_kind": "plain",
                "computed": true
              },
              "id": {
                "type": "string",
                "description_kind": "plain",
                "optional": true,
                "computed": true
              },
              "keepers": {
                "type": [
                  "list",
                  "string"
                ],
                "description": "Change this value to recreate a reboot task.",
                "description_kind": "plain",
                "required": true
              },
              "last_update": {
                "type": "string",
                "description": "Last update",
                "description_kind": "plain",
                "computed": true
              },
              "service_name": {
                "type": "string",
                "description": "The internal name of your dedicated server.",
                "description_kind": "plain",
                "required": true
              },
              "start_date": {
                "type": "string",
                "description": "Task Creation date",
                "description_kind": "plain",
                "computed": true
              },
              "status": {
                "type": "string",
                "description": "Task status",
                "description_kind": "plain",
                "computed": true
              }
            },
            "description_kind": "plain"
          }
        },
        "ovh_dedicated_server_update": {
          "version": 0,
          "block": {
            "attributes": {
              "boot_id": {
                "type": "number",
                "description": "The boot id of your dedicated server.",
                "description_kind": "plain",
                "optional": true,
                "computed": true
              },
              "id": {
                "type": "string",
                "description_kind": "plain",
                "optional": true,
                "computed": true
              },
              "monitoring": {
                "type": "bool",
                "description": "Icmp monitoring state",
                "description_kind": "plain",
                "optional": true,
                "computed": true
              },
              "service_name": {
                "type": "string",
                "description": "The internal name of your dedicated server.",
                "description_kind": "plain",
                "required": true
              },
              "state": {
                "type": "string",
                "description": "error, hacked, hackedBlocked, ok",
                "description_kind": "plain",
                "optional": true,
                "computed": true
              }
            },
            "description_kind": "plain"
          }
        },
        "ovh_domain_zone": {
          "version": 0,
          "block": {
            "attributes": {
              "dnssec_supported": {
                "type": "bool",
                "description": "Is DNSSEC supported by this zone",
                "description_kind": "plain",
                "computed": true
              },
              "has_dns_anycast": {
                "type": "bool",
                "description": "hasDnsAnycast flag of the DNS zone",
                "description_kind": "plain",
                "computed": true
              },
              "id": {
                "type": "string",
                "description_kind": "plain",
                "optional": true,
                "computed": true
              },
              "last_update": {
                "type": "string",
                "description": "Last update date of the DNS zone",
                "description_kind": "plain",
                "computed": true
              },
              "name": {
                "type": "string",
                "description": "Zone name",
                "description_kind": "plain",
                "computed": true
              },
              "name_servers": {
                "type": [
                  "list",
                  "string"
                ],
                "description": "Name servers that host the DNS zone",
                "description_kind": "plain",
                "computed": true
              },
              "order": {
                "type": [
                  "list",
                  [
                    "object",
                    {
                      "date": "string",
                      "details": [
                        "list",
                        [
                          "object",
                          {
                            "description": "string",
                            "domain": "string",
                            "order_detail_id": "number",
                            "quantity": "string"
                          }
                        ]
                      ],
                      "expiration_date": "string",
                      "order_id": "number"
                    }
                  ]
                ],
                "description": "Details about an Order",
                "description_kind": "plain",
                "computed": true
              },
              "ovh_subsidiary": {
                "type": "string",
                "description": "Ovh Subsidiary",
                "description_kind": "plain",
                "required": true
              },
              "payment_mean": {
                "type": "string",
                "description": "Ovh payment mode",
                "description_kind": "plain",
                "deprecated": true,
                "optional": true
              },
              "urn": {
                "type": "string",
                "description_kind": "plain",
                "computed": true
              }
            },
            "block_types": {
              "plan": {
                "nesting_mode": "list",
                "block": {
                  "attributes": {
                    "catalog_name": {
                      "type": "string",
                      "description": "Catalog name",
                      "description_kind": "plain",
                      "optional": true
                    },
                    "duration": {
                      "type": "string",
                      "description": "duration",
                      "description_kind": "plain",
                      "required": true
                    },
                    "plan_code": {
                      "type": "string",
                      "description": "Plan code",
                      "description_kind": "plain",
                      "required": true
                    },
                    "pricing_mode": {
                      "type": "string",
                      "description": "Pricing model identifier",
                      "description_kind": "plain",
                      "required": true
                    }
                  },
                  "block_types": {
                    "configuration": {
                      "nesting_mode": "list",
                      "block": {
                        "attributes": {
                          "label": {
                            "type": "string",
                            "description": "Identifier of the resource",
                            "description_kind": "plain",
                            "required": true
                          },
                          "value": {
                            "type": "string",
                            "description": "Path to the resource in API.OVH.COM",
                            "description_kind": "plain",
                            "required": true
                          }
                        },
                        "description": "Representation of a configuration item for personalizing product",
                        "description_kind": "plain"
                      }
                    }
                  },
                  "description": "Product Plan to order",
                  "description_kind": "plain"
                },
                "min_items": 1,
                "max_items": 1
              },
              "plan_option": {
                "nesting_mode": "list",
                "block": {
                  "attributes": {
                    "catalog_name": {
                      "type": "string",
                      "description": "Catalog name",
                      "description_kind": "plain",
                      "optional": true
                    },
                    "duration": {
                      "type": "string",
                      "description": "duration",
                      "description_kind": "plain",
                      "required": true
                    },
                    "plan_code": {
                      "type": "string",
                      "description": "Plan code",
                      "description_kind": "plain",
                      "required": true
                    },
                    "pricing_mode": {
                      "type": "string",
                      "description": "Pricing model identifier",
                      "description_kind": "plain",
                      "required": true
                    }
                  },
                  "block_types": {
                    "configuration": {
                      "nesting_mode": "list",
                      "block": {
                        "attributes": {
                          "label": {
                            "type": "string",
                            "description": "Identifier of the resource",
                            "description_kind": "plain",
                            "required": true
                          },
                          "value": {
                            "type": "string",
                            "description": "Path to the resource in API.OVH.COM",
                            "description_kind": "plain",
                            "required": true
                          }
                        },
                        "description": "Representation of a configuration item for personalizing product",
                        "description_kind": "plain"
                      }
                    }
                  },
                  "description": "Product Plan to order",
                  "description_kind": "plain"
                }
              }
            },
            "description_kind": "plain"
          }
        },
        "ovh_domain_zone_record": {
          "version": 0,
          "block": {
            "attributes": {
              "fieldtype": {
                "type": "string",
                "description_kind": "plain",
                "required": true
              },
              "id": {
                "type": "string",
                "description_kind": "plain",
                "optional": true,
                "computed": true
              },
              "subdomain": {
                "type": "string",
                "description_kind": "plain",
                "optional": true
              },
              "target": {
                "type": "string",
                "description_kind": "plain",
                "required": true
              },
              "ttl": {
                "type": "number",
                "description_kind": "plain",
                "optional": true
              },
              "zone": {
                "type": "string",
                "description_kind": "plain",
                "required": true
              }
            },
            "description_kind": "plain"
          }
        },
        "ovh_domain_zone_redirection": {
          "version": 0,
          "block": {
            "attributes": {
              "description": {
                "type": "string",
                "description_kind": "plain",
                "optional": true
              },
              "id": {
                "type": "string",
                "description_kind": "plain",
                "optional": true,
                "computed": true
              },
              "keywords": {
                "type": "string",
                "description_kind": "plain",
                "optional": true
              },
              "subdomain": {
                "type": "string",
                "description_kind": "plain",
                "optional": true
              },
              "target": {
                "type": "string",
                "description_kind": "plain",
                "required": true
              },
              "title": {
                "type": "string",
                "description_kind": "plain",
                "optional": true
              },
              "type": {
                "type": "string",
                "description_kind": "plain",
                "required": true
              },
              "zone": {
                "type": "string",
                "description_kind": "plain",
                "required": true
              }
            },
            "description_kind": "plain"
          }
        },
        "ovh_hosting_privatedatabase": {
          "version": 0,
          "block": {
            "attributes": {
              "cpu": {
                "type": "number",
                "description": "Number of CPU on your private database",
                "description_kind": "plain",
                "computed": true
              },
              "datacenter": {
                "type": "string",
                "description": "Datacenter where this private database is located",
                "description_kind": "plain",
                "computed": true
              },
              "display_name": {
                "type": "string",
                "description": "Name displayed in customer panel for your private database",
                "description_kind": "plain",
                "optional": true,
                "computed": true
              },
              "hostname": {
                "type": "string",
                "description": "Private database hostname",
                "description_kind": "plain",
                "computed": true
              },
              "hostname_ftp": {
                "type": "string",
                "description": "Private database FTP hostname",
                "description_kind": "plain",
                "computed": true
              },
              "id": {
                "type": "string",
                "description_kind": "plain",
                "optional": true,
                "computed": true
              },
              "infrastructure": {
                "type": "string",
                "description": "Infrastructure where service was stored",
                "description_kind": "plain",
                "computed": true
              },
              "offer": {
                "type": "string",
                "description": "Type of the private database offer",
                "description_kind": "plain",
                "computed": true
              },
              "order": {
                "type": [
                  "list",
                  [
                    "object",
                    {
                      "date": "string",
                      "details": [
                        "list",
                        [
                          "object",
                          {
                            "description": "string",
                            "domain": "string",
                            "order_detail_id": "number",
                            "quantity": "string"
                          }
                        ]
                      ],
                      "expiration_date": "string",
                      "order_id": "number"
                    }
                  ]
                ],
                "description": "Details about an Order",
                "description_kind": "plain",
                "computed": true
              },
              "ovh_subsidiary": {
                "type": "string",
                "description": "Ovh Subsidiary",
                "description_kind": "plain",
                "required": true
              },
              "payment_mean": {
                "type": "string",
                "description": "Ovh payment mode",
                "description_kind": "plain",
                "deprecated": true,
                "optional": true
              },
              "port": {
                "type": "number",
                "description": "Private database service port",
                "description_kind": "plain",
                "computed": true
              },
              "port_ftp": {
                "type": "number",
                "description": "Private database FTP port",
                "description_kind": "plain",
                "computed": true
              },
              "quota_size": {
                "type": "number",
                "description": "Space allowed (in MB) on your private database",
                "description_kind": "plain",
                "computed": true
              },
              "quota_used": {
                "type": "number",
                "description": "Sapce used (in MB) on your private database",
                "description_kind": "plain",
                "computed": true
              },
              "ram": {
                "type": "number",
                "description": "Amount of ram (in MB) on your private database",
                "description_kind": "plain",
                "computed": true
              },
              "server": {
                "type": "string",
                "description": "Private database server name",
                "description_kind": "plain",
                "computed": true
              },
              "service_name": {
                "type": "string",
                "description_kind": "plain",
                "optional": true,
                "computed": true
              },
              "state": {
                "type": "string",
                "description": "Private database state",
                "description_kind": "plain",
                "computed": true
              },
              "type": {
                "type": "string",
                "description": "Private database type",
                "description_kind": "plain",
                "computed": true
              },
              "urn": {
                "type": "string",
                "description_kind": "plain",
                "computed": true
              },
              "version": {
                "type": "string",
                "description": "Private database available versions",
                "description_kind": "plain",
                "computed": true
              },
              "version_label": {
                "type": "string",
                "description": "Private database version label",
                "description_kind": "plain",
                "computed": true
              },
              "version_number": {
                "type": "number",
                "description": "Private database version number",
                "description_kind": "plain",
                "computed": true
              }
            },
            "block_types": {
              "plan": {
                "nesting_mode": "list",
                "block": {
                  "attributes": {
                    "catalog_name": {
                      "type": "string",
                      "description": "Catalog name",
                      "description_kind": "plain",
                      "optional": true
                    },
                    "duration": {
                      "type": "string",
                      "description": "duration",
                      "description_kind": "plain",
                      "required": true
                    },
                    "plan_code": {
                      "type": "string",
                      "description": "Plan code",
                      "description_kind": "plain",
                      "required": true
                    },
                    "pricing_mode": {
                      "type": "string",
                      "description": "Pricing model identifier",
                      "description_kind": "plain",
                      "required": true
                    }
                  },
                  "block_types": {
                    "configuration": {
                      "nesting_mode": "list",
                      "block": {
                        "attributes": {
                          "label": {
                            "type": "string",
                            "description": "Identifier of the resource",
                            "description_kind": "plain",
                            "required": true
                          },
                          "value": {
                            "type": "string",
                            "description": "Path to the resource in API.OVH.COM",
                            "description_kind": "plain",
                            "required": true
                          }
                        },
                        "description": "Representation of a configuration item for personalizing product",
                        "description_kind": "plain"
                      }
                    }
                  },
                  "description": "Product Plan to order",
                  "description_kind": "plain"
                },
                "min_items": 1,
                "max_items": 1
              },
              "plan_option": {
                "nesting_mode": "list",
                "block": {
                  "attributes": {
                    "catalog_name": {
                      "type": "string",
                      "description": "Catalog name",
                      "description_kind": "plain",
                      "optional": true
                    },
                    "duration": {
                      "type": "string",
                      "description": "duration",
                      "description_kind": "plain",
                      "required": true
                    },
                    "plan_code": {
                      "type": "string",
                      "description": "Plan code",
                      "description_kind": "plain",
                      "required": true
                    },
                    "pricing_mode": {
                      "type": "string",
                      "description": "Pricing model identifier",
                      "description_kind": "plain",
                      "required": true
                    }
                  },
                  "block_types": {
                    "configuration": {
                      "nesting_mode": "list",
                      "block": {
                        "attributes": {
                          "label": {
                            "type": "string",
                            "description": "Identifier of the resource",
                            "description_kind": "plain",
                            "required": true
                          },
                          "value": {
                            "type": "string",
                            "description": "Path to the resource in API.OVH.COM",
                            "description_kind": "plain",
                            "required": true
                          }
                        },
                        "description": "Representation of a configuration item for personalizing product",
                        "description_kind": "plain"
                      }
                    }
                  },
                  "description": "Product Plan to order",
                  "description_kind": "plain"
                }
              }
            },
            "description_kind": "plain"
          }
        },
        "ovh_hosting_privatedatabase_database": {
          "version": 0,
          "block": {
            "attributes": {
              "database_name": {
                "type": "string",
                "description": "Name of your new database",
                "description_kind": "plain",
                "required": true
              },
              "id": {
                "type": "string",
                "description_kind": "plain",
                "optional": true,
                "computed": true
              },
              "service_name": {
                "type": "string",
                "description": "The internal name of your private database",
                "description_kind": "plain",
                "required": true
              }
            },
            "description_kind": "plain"
          }
        },
        "ovh_hosting_privatedatabase_user": {
          "version": 0,
          "block": {
            "attributes": {
              "id": {
                "type": "string",
                "description_kind": "plain",
                "optional": true,
                "computed": true
              },
              "password": {
                "type": "string",
                "description": "Password for the new user ( alphanumeric and 8 characters minimum )",
                "description_kind": "plain",
                "required": true,
                "sensitive": true
              },
              "service_name": {
                "type": "string",
                "description": "The internal name of your private database",
                "description_kind": "plain",
                "required": true
              },
              "user_name": {
                "type": "string",
                "description": "User name used to connect on your databases",
                "description_kind": "plain",
                "required": true
              }
            },
            "description_kind": "plain"
          }
        },
        "ovh_hosting_privatedatabase_user_grant": {
          "version": 0,
          "block": {
            "attributes": {
              "database_name": {
                "type": "string",
                "description": "Database name where add grant",
                "description_kind": "plain",
                "required": true
              },
              "grant": {
                "type": "string",
                "description": "Database name where add grant",
                "description_kind": "plain",
                "required": true
              },
              "id": {
                "type": "string",
                "description_kind": "plain",
                "optional": true,
                "computed": true
              },
              "service_name": {
                "type": "string",
                "description": "The internal name of your private database",
                "description_kind": "plain",
                "required": true
              },
              "user_name": {
                "type": "string",
                "description": "User name used to connect on your databases",
                "description_kind": "plain",
                "required": true
              }
            },
            "description_kind": "plain"
          }
        },
        "ovh_hosting_privatedatabase_whitelist": {
          "version": 0,
          "block": {
            "attributes": {
              "id": {
                "type": "string",
                "description_kind": "plain",
                "optional": true,
                "computed": true
              },
              "ip": {
                "type": "string",
                "description": "The whitelisted IP in your instance",
                "description_kind": "plain",
                "required": true
              },
              "name": {
                "type": "string",
                "description": "Custom name for your Whitelisted IP",
                "description_kind": "plain",
                "required": true
              },
              "service": {
                "type": "bool",
                "description": "Authorize this IP to access service port",
                "description_kind": "plain",
                "required": true
              },
              "service_name": {
                "type": "string",
                "description": "The internal name of your private database",
                "description_kind": "plain",
                "required": true
              },
              "sftp": {
                "type": "bool",
                "description": "Authorize this IP to access SFTP port",
                "description_kind": "plain",
                "required": true
              }
            },
            "description_kind": "plain"
          }
        },
        "ovh_iam_policy": {
          "version": 0,
          "block": {
            "attributes": {
              "allow": {
                "type": [
                  "set",
                  "string"
                ],
                "description_kind": "plain",
                "optional": true
              },
              "created_at": {
                "type": "string",
                "description_kind": "plain",
                "computed": true
              },
              "description": {
                "type": "string",
                "description_kind": "plain",
                "optional": true
              },
              "except": {
                "type": [
                  "set",
                  "string"
                ],
                "description_kind": "plain",
                "optional": true
              },
              "id": {
                "type": "string",
                "description_kind": "plain",
                "optional": true,
                "computed": true
              },
              "identities": {
                "type": [
                  "set",
                  "string"
                ],
                "description_kind": "plain",
                "required": true
              },
              "name": {
                "type": "string",
                "description_kind": "plain",
                "required": true
              },
              "owner": {
                "type": "string",
                "description_kind": "plain",
                "computed": true
              },
              "read_only": {
                "type": "bool",
                "description_kind": "plain",
                "computed": true
              },
              "resources": {
                "type": [
                  "set",
                  "string"
                ],
                "description_kind": "plain",
                "required": true
              },
              "updated_at": {
                "type": "string",
                "description_kind": "plain",
                "computed": true
              }
            },
            "description_kind": "plain"
          }
        },
        "ovh_ip_reverse": {
          "version": 0,
          "block": {
            "attributes": {
              "id": {
                "type": "string",
                "description_kind": "plain",
                "optional": true,
                "computed": true
              },
              "ip": {
                "type": "string",
                "description_kind": "plain",
                "required": true
              },
              "ip_reverse": {
                "type": "string",
                "description_kind": "plain",
                "required": true
              },
              "reverse": {
                "type": "string",
                "description_kind": "plain",
                "required": true
              }
            },
            "description_kind": "plain"
          }
        },
        "ovh_ip_service": {
          "version": 0,
          "block": {
            "attributes": {
              "can_be_terminated": {
                "type": "bool",
                "description_kind": "plain",
                "computed": true
              },
              "country": {
                "type": "string",
                "description_kind": "plain",
                "computed": true
              },
              "description": {
                "type": "string",
                "description": "Custom description on your ip",
                "description_kind": "plain",
                "optional": true,
                "computed": true
              },
              "id": {
                "type": "string",
                "description_kind": "plain",
                "optional": true,
                "computed": true
              },
              "ip": {
                "type": "string",
                "description_kind": "plain",
                "computed": true
              },
              "order": {
                "type": [
                  "list",
                  [
                    "object",
                    {
                      "date": "string",
                      "details": [
                        "list",
                        [
                          "object",
                          {
                            "description": "string",
                            "domain": "string",
                            "order_detail_id": "number",
                            "quantity": "string"
                          }
                        ]
                      ],
                      "expiration_date": "string",
                      "order_id": "number"
                    }
                  ]
                ],
                "description": "Details about an Order",
                "description_kind": "plain",
                "computed": true
              },
              "organisation_id": {
                "type": "string",
                "description_kind": "plain",
                "computed": true
              },
              "ovh_subsidiary": {
                "type": "string",
                "description": "Ovh Subsidiary",
                "description_kind": "plain",
                "required": true
              },
              "payment_mean": {
                "type": "string",
                "description": "Ovh payment mode",
                "description_kind": "plain",
                "deprecated": true,
                "optional": true
              },
              "routed_to": {
                "type": [
                  "list",
                  [
                    "object",
                    {
                      "service_name": "string"
                    }
                  ]
                ],
                "description": "Routage information",
                "description_kind": "plain",
                "computed": true
              },
              "service_name": {
                "type": "string",
                "description_kind": "plain",
                "computed": true
              },
              "type": {
                "type": "string",
                "description": "Possible values for ip type",
                "description_kind": "plain",
                "computed": true
              }
            },
            "block_types": {
              "plan": {
                "nesting_mode": "list",
                "block": {
                  "attributes": {
                    "catalog_name": {
                      "type": "string",
                      "description": "Catalog name",
                      "description_kind": "plain",
                      "optional": true
                    },
                    "duration": {
                      "type": "string",
                      "description": "duration",
                      "description_kind": "plain",
                      "required": true
                    },
                    "plan_code": {
                      "type": "string",
                      "description": "Plan code",
                      "description_kind": "plain",
                      "required": true
                    },
                    "pricing_mode": {
                      "type": "string",
                      "description": "Pricing model identifier",
                      "description_kind": "plain",
                      "required": true
                    }
                  },
                  "block_types": {
                    "configuration": {
                      "nesting_mode": "list",
                      "block": {
                        "attributes": {
                          "label": {
                            "type": "string",
                            "description": "Identifier of the resource",
                            "description_kind": "plain",
                            "required": true
                          },
                          "value": {
                            "type": "string",
                            "description": "Path to the resource in API.OVH.COM",
                            "description_kind": "plain",
                            "required": true
                          }
                        },
                        "description": "Representation of a configuration item for personalizing product",
                        "description_kind": "plain"
                      }
                    }
                  },
                  "description": "Product Plan to order",
                  "description_kind": "plain"
                },
                "min_items": 1,
                "max_items": 1
              },
              "plan_option": {
                "nesting_mode": "list",
                "block": {
                  "attributes": {
                    "catalog_name": {
                      "type": "string",
                      "description": "Catalog name",
                      "description_kind": "plain",
                      "optional": true
                    },
                    "duration": {
                      "type": "string",
                      "description": "duration",
                      "description_kind": "plain",
                      "required": true
                    },
                    "plan_code": {
                      "type": "string",
                      "description": "Plan code",
                      "description_kind": "plain",
                      "required": true
                    },
                    "pricing_mode": {
                      "type": "string",
                      "description": "Pricing model identifier",
                      "description_kind": "plain",
                      "required": true
                    }
                  },
                  "block_types": {
                    "configuration": {
                      "nesting_mode": "list",
                      "block": {
                        "attributes": {
                          "label": {
                            "type": "string",
                            "description": "Identifier of the resource",
                            "description_kind": "plain",
                            "required": true
                          },
                          "value": {
                            "type": "string",
                            "description": "Path to the resource in API.OVH.COM",
                            "description_kind": "plain",
                            "required": true
                          }
                        },
                        "description": "Representation of a configuration item for personalizing product",
                        "description_kind": "plain"
                      }
                    }
                  },
                  "description": "Product Plan to order",
                  "description_kind": "plain"
                }
              }
            },
            "description_kind": "plain"
          }
        },
        "ovh_iploadbalancing": {
          "version": 0,
          "block": {
            "attributes": {
              "display_name": {
                "type": "string",
                "description": "Set the name displayed in ManagerV6 for your iplb (max 50 chars)",
                "description_kind": "plain",
                "optional": true,
                "computed": true
              },
              "id": {
                "type": "string",
                "description_kind": "plain",
                "optional": true,
                "computed": true
              },
              "ip_loadbalancing": {
                "type": "string",
                "description": "Your IP load balancing",
                "description_kind": "plain",
                "computed": true
              },
              "ipv4": {
                "type": "string",
                "description": "The IPV4 associated to your IP load balancing",
                "description_kind": "plain",
                "computed": true
              },
              "ipv6": {
                "type": "string",
                "description": "The IPV6 associated to your IP load balancing. DEPRECATED.",
                "description_kind": "plain",
                "computed": true
              },
              "metrics_token": {
                "type": "string",
                "description": "The metrics token associated with your IP load balancing",
                "description_kind": "plain",
                "computed": true,
                "sensitive": true
              },
              "offer": {
                "type": "string",
                "description": "The offer of your IP load balancing",
                "description_kind": "plain",
                "computed": true
              },
              "order": {
                "type": [
                  "list",
                  [
                    "object",
                    {
                      "date": "string",
                      "details": [
                        "list",
                        [
                          "object",
                          {
                            "description": "string",
                            "domain": "string",
                            "order_detail_id": "number",
                            "quantity": "string"
                          }
                        ]
                      ],
                      "expiration_date": "string",
                      "order_id": "number"
                    }
                  ]
                ],
                "description": "Details about an Order",
                "description_kind": "plain",
                "computed": true
              },
              "orderable_zone": {
                "type": [
                  "set",
                  [
                    "object",
                    {
                      "name": "string",
                      "plan_code": "string"
                    }
                  ]
                ],
                "description": "Available additional zone for your Load Balancer",
                "description_kind": "plain",
                "computed": true
              },
              "ovh_subsidiary": {
                "type": "string",
                "description": "Ovh Subsidiary",
                "description_kind": "plain",
                "required": true
              },
              "payment_mean": {
                "type": "string",
                "description": "Ovh payment mode",
                "description_kind": "plain",
                "deprecated": true,
                "optional": true
              },
              "service_name": {
                "type": "string",
                "description": "The internal name of your IP load balancing",
                "description_kind": "plain",
                "computed": true
              },
              "ssl_configuration": {
                "type": "string",
                "description": "Modern oldest compatible clients : Firefox 27, Chrome 30, IE 11 on Windows 7, Edge, Opera 17, Safari 9, Android 5.0, and Java 8. Intermediate oldest compatible clients : Firefox 1, Chrome 1, IE 7, Opera 5, Safari 1, Windows XP IE8, Android 2.3, Java 7. Intermediate if null.",
                "description_kind": "plain",
                "optional": true,
                "computed": true
              },
              "state": {
                "type": "string",
                "description": "Current state of your IP",
                "description_kind": "plain",
                "computed": true
              },
              "urn": {
                "type": "string",
                "description_kind": "plain",
                "computed": true
              },
              "vrack_eligibility": {
                "type": "bool",
                "description": "Vrack eligibility",
                "description_kind": "plain",
                "computed": true
              },
              "vrack_name": {
                "type": "string",
                "description": "Name of the vRack on which the current Load Balancer is attached to, as it is named on vRack product",
                "description_kind": "plain",
                "computed": true
              },
              "zone": {
                "type": [
                  "list",
                  "string"
                ],
                "description": "Location where your service is",
                "description_kind": "plain",
                "computed": true
              }
            },
            "block_types": {
              "plan": {
                "nesting_mode": "list",
                "block": {
                  "attributes": {
                    "catalog_name": {
                      "type": "string",
                      "description": "Catalog name",
                      "description_kind": "plain",
                      "optional": true
                    },
                    "duration": {
                      "type": "string",
                      "description": "duration",
                      "description_kind": "plain",
                      "required": true
                    },
                    "plan_code": {
                      "type": "string",
                      "description": "Plan code",
                      "description_kind": "plain",
                      "required": true
                    },
                    "pricing_mode": {
                      "type": "string",
                      "description": "Pricing model identifier",
                      "description_kind": "plain",
                      "required": true
                    }
                  },
                  "block_types": {
                    "configuration": {
                      "nesting_mode": "list",
                      "block": {
                        "attributes": {
                          "label": {
                            "type": "string",
                            "description": "Identifier of the resource",
                            "description_kind": "plain",
                            "required": true
                          },
                          "value": {
                            "type": "string",
                            "description": "Path to the resource in API.OVH.COM",
                            "description_kind": "plain",
                            "required": true
                          }
                        },
                        "description": "Representation of a configuration item for personalizing product",
                        "description_kind": "plain"
                      }
                    }
                  },
                  "description": "Product Plan to order",
                  "description_kind": "plain"
                },
                "min_items": 1,
                "max_items": 1
              },
              "plan_option": {
                "nesting_mode": "list",
                "block": {
                  "attributes": {
                    "catalog_name": {
                      "type": "string",
                      "description": "Catalog name",
                      "description_kind": "plain",
                      "optional": true
                    },
                    "duration": {
                      "type": "string",
                      "description": "duration",
                      "description_kind": "plain",
                      "required": true
                    },
                    "plan_code": {
                      "type": "string",
                      "description": "Plan code",
                      "description_kind": "plain",
                      "required": true
                    },
                    "pricing_mode": {
                      "type": "string",
                      "description": "Pricing model identifier",
                      "description_kind": "plain",
                      "required": true
                    }
                  },
                  "block_types": {
                    "configuration": {
                      "nesting_mode": "list",
                      "block": {
                        "attributes": {
                          "label": {
                            "type": "string",
                            "description": "Identifier of the resource",
                            "description_kind": "plain",
                            "required": true
                          },
                          "value": {
                            "type": "string",
                            "description": "Path to the resource in API.OVH.COM",
                            "description_kind": "plain",
                            "required": true
                          }
                        },
                        "description": "Representation of a configuration item for personalizing product",
                        "description_kind": "plain"
                      }
                    }
                  },
                  "description": "Product Plan to order",
                  "description_kind": "plain"
                }
              }
            },
            "description_kind": "plain"
          }
        },
        "ovh_iploadbalancing_http_farm": {
          "version": 0,
          "block": {
            "attributes": {
              "balance": {
                "type": "string",
                "description_kind": "plain",
                "optional": true
              },
              "display_name": {
                "type": "string",
                "description_kind": "plain",
                "optional": true
              },
              "id": {
                "type": "string",
                "description_kind": "plain",
                "optional": true,
                "computed": true
              },
              "port": {
                "type": "number",
                "description_kind": "plain",
                "optional": true
              },
              "service_name": {
                "type": "string",
                "description_kind": "plain",
                "required": true
              },
              "stickiness": {
                "type": "string",
                "description_kind": "plain",
                "optional": true
              },
              "vrack_network_id": {
                "type": "number",
                "description_kind": "plain",
                "optional": true
              },
              "zone": {
                "type": "string",
                "description_kind": "plain",
                "required": true
              }
            },
            "block_types": {
              "probe": {
                "nesting_mode": "list",
                "block": {
                  "attributes": {
                    "force_ssl": {
                      "type": "bool",
                      "description_kind": "plain",
                      "optional": true
                    },
                    "interval": {
                      "type": "number",
                      "description_kind": "plain",
                      "optional": true
                    },
                    "match": {
                      "type": "string",
                      "description_kind": "plain",
                      "optional": true,
                      "computed": true
                    },
                    "method": {
                      "type": "string",
                      "description_kind": "plain",
                      "optional": true,
                      "computed": true
                    },
                    "negate": {
                      "type": "bool",
                      "description_kind": "plain",
                      "optional": true
                    },
                    "pattern": {
                      "type": "string",
                      "description_kind": "plain",
                      "optional": true,
                      "computed": true
                    },
                    "port": {
                      "type": "number",
                      "description_kind": "plain",
                      "optional": true,
                      "computed": true
                    },
                    "type": {
                      "type": "string",
                      "description_kind": "plain",
                      "required": true
                    },
                    "url": {
                      "type": "string",
                      "description_kind": "plain",
                      "optional": true,
                      "computed": true
                    }
                  },
                  "description_kind": "plain"
                },
                "max_items": 1
              }
            },
            "description_kind": "plain"
          }
        },
        "ovh_iploadbalancing_http_farm_server": {
          "version": 0,
          "block": {
            "attributes": {
              "address": {
                "type": "string",
                "description_kind": "plain",
                "required": true
              },
              "backup": {
                "type": "bool",
                "description_kind": "plain",
                "optional": true
              },
              "chain": {
                "type": "string",
                "description_kind": "plain",
                "optional": true
              },
              "cookie": {
                "type": "string",
                "description_kind": "plain",
                "computed": true
              },
              "display_name": {
                "type": "string",
                "description_kind": "plain",
                "optional": true
              },
              "farm_id": {
                "type": "number",
                "description_kind": "plain",
                "required": true
              },
              "id": {
                "type": "string",
                "description_kind": "plain",
                "optional": true,
                "computed": true
              },
              "on_marked_down": {
                "type": "string",
                "description_kind": "plain",
                "optional": true
              },
              "port": {
                "type": "number",
                "description_kind": "plain",
                "optional": true
              },
              "probe": {
                "type": "bool",
                "description_kind": "plain",
                "optional": true
              },
              "proxy_protocol_version": {
                "type": "string",
                "description_kind": "plain",
                "optional": true
              },
              "service_name": {
                "type": "string",
                "description_kind": "plain",
                "required": true
              },
              "ssl": {
                "type": "bool",
                "description_kind": "plain",
                "optional": true
              },
              "status": {
                "type": "string",
                "description_kind": "plain",
                "required": true
              },
              "weight": {
                "type": "number",
                "description_kind": "plain",
                "optional": true
              }
            },
            "description_kind": "plain"
          }
        },
        "ovh_iploadbalancing_http_frontend": {
          "version": 0,
          "block": {
            "attributes": {
              "allowed_source": {
                "type": [
                  "list",
                  "string"
                ],
                "description_kind": "plain",
                "optional": true
              },
              "dedicated_ipfo": {
                "type": [
                  "set",
                  "string"
                ],
                "description_kind": "plain",
                "optional": true
              },
              "default_farm_id": {
                "type": "number",
                "description_kind": "plain",
                "optional": true,
                "computed": true
              },
              "default_ssl_id": {
                "type": "number",
                "description_kind": "plain",
                "optional": true,
                "computed": true
              },
              "disabled": {
                "type": "bool",
                "description_kind": "plain",
                "optional": true
              },
              "display_name": {
                "type": "string",
                "description_kind": "plain",
                "optional": true
              },
              "hsts": {
                "type": "bool",
                "description_kind": "plain",
                "optional": true
              },
              "http_header": {
                "type": [
                  "list",
                  "string"
                ],
                "description_kind": "plain",
                "optional": true
              },
              "id": {
                "type": "string",
                "description_kind": "plain",
                "optional": true,
                "computed": true
              },
              "port": {
                "type": "string",
                "description_kind": "plain",
                "required": true
              },
              "redirect_location": {
                "type": "string",
                "description_kind": "plain",
                "optional": true
              },
              "service_name": {
                "type": "string",
                "description_kind": "plain",
                "required": true
              },
              "ssl": {
                "type": "bool",
                "description_kind": "plain",
                "optional": true
              },
              "zone": {
                "type": "string",
                "description_kind": "plain",
                "required": true
              }
            },
            "description_kind": "plain"
          }
        },
        "ovh_iploadbalancing_http_route": {
          "version": 0,
          "block": {
            "attributes": {
              "display_name": {
                "type": "string",
                "description": "Human readable name for your route, this field is for you",
                "description_kind": "plain",
                "optional": true
              },
              "frontend_id": {
                "type": "number",
                "description": "Route traffic for this frontend",
                "description_kind": "plain",
                "optional": true,
                "computed": true
              },
              "id": {
                "type": "string",
                "description_kind": "plain",
                "optional": true,
                "computed": true
              },
              "rules": {
                "type": [
                  "list",
                  [
                    "object",
                    {
                      "field": "string",
                      "match": "string",
                      "negate": "bool",
                      "pattern": "string",
                      "rule_id": "number",
                      "sub_field": "string"
                    }
                  ]
                ],
                "description": "List of rules to match to trigger action",
                "description_kind": "plain",
                "computed": true
              },
              "service_name": {
                "type": "string",
                "description": "The internal name of your IP load balancing",
                "description_kind": "plain",
                "required": true
              },
              "status": {
                "type": "string",
                "description": "Route status. Routes in \"ok\" state are ready to operate",
                "description_kind": "plain",
                "computed": true
              },
              "weight": {
                "type": "number",
                "description": "Route priority ([0..255]). 0 if null. Highest priority routes are evaluated last. Only the first matching route will trigger an action",
                "description_kind": "plain",
                "optional": true,
                "computed": true
              }
            },
            "block_types": {
              "action": {
                "nesting_mode": "list",
                "block": {
                  "attributes": {
                    "status": {
                      "type": "number",
                      "description": "HTTP status code for \"redirect\" and \"reject\" actions",
                      "description_kind": "plain",
                      "optional": true
                    },
                    "target": {
                      "type": "string",
                      "description": "Farm ID for \"farm\" action type or URL template for \"redirect\" action. You may use ${uri}, ${protocol}, ${host}, ${port} and ${path} variables in redirect target",
                      "description_kind": "plain",
                      "optional": true
                    },
                    "type": {
                      "type": "string",
                      "description": "Action to trigger if all the rules of this route matches",
                      "description_kind": "plain",
                      "required": true
                    }
                  },
                  "description": "Action triggered when all rules match",
                  "description_kind": "plain"
                },
                "min_items": 1,
                "max_items": 1
              }
            },
            "description_kind": "plain"
          }
        },
        "ovh_iploadbalancing_http_route_rule": {
          "version": 0,
          "block": {
            "attributes": {
              "display_name": {
                "type": "string",
                "description_kind": "plain",
                "optional": true
              },
              "field": {
                "type": "string",
                "description_kind": "plain",
                "required": true
              },
              "id": {
                "type": "string",
                "description_kind": "plain",
                "optional": true,
                "computed": true
              },
              "match": {
                "type": "string",
                "description_kind": "plain",
                "required": true
              },
              "negate": {
                "type": "bool",
                "description_kind": "plain",
                "optional": true,
                "computed": true
              },
              "pattern": {
                "type": "string",
                "description_kind": "plain",
                "optional": true
              },
              "route_id": {
                "type": "string",
                "description_kind": "plain",
                "required": true
              },
              "service_name": {
                "type": "string",
                "description_kind": "plain",
                "required": true
              },
              "sub_field": {
                "type": "string",
                "description_kind": "plain",
                "optional": true
              }
            },
            "description_kind": "plain"
          }
        },
        "ovh_iploadbalancing_refresh": {
          "version": 0,
          "block": {
            "attributes": {
              "id": {
                "type": "string",
                "description_kind": "plain",
                "optional": true,
                "computed": true
              },
              "keepers": {
                "type": [
                  "list",
                  "string"
                ],
                "description_kind": "plain",
                "required": true
              },
              "service_name": {
                "type": "string",
                "description_kind": "plain",
                "required": true
              }
            },
            "description_kind": "plain"
          }
        },
        "ovh_iploadbalancing_tcp_farm": {
          "version": 0,
          "block": {
            "attributes": {
              "balance": {
                "type": "string",
                "description_kind": "plain",
                "optional": true
              },
              "display_name": {
                "type": "string",
                "description_kind": "plain",
                "optional": true
              },
              "id": {
                "type": "string",
                "description_kind": "plain",
                "optional": true,
                "computed": true
              },
              "port": {
                "type": "number",
                "description_kind": "plain",
                "optional": true
              },
              "service_name": {
                "type": "string",
                "description_kind": "plain",
                "required": true
              },
              "stickiness": {
                "type": "string",
                "description_kind": "plain",
                "optional": true
              },
              "vrack_network_id": {
                "type": "number",
                "description_kind": "plain",
                "optional": true
              },
              "zone": {
                "type": "string",
                "description_kind": "plain",
                "required": true
              }
            },
            "block_types": {
              "probe": {
                "nesting_mode": "list",
                "block": {
                  "attributes": {
                    "force_ssl": {
                      "type": "bool",
                      "description_kind": "plain",
                      "optional": true
                    },
                    "interval": {
                      "type": "number",
                      "description_kind": "plain",
                      "optional": true
                    },
                    "match": {
                      "type": "string",
                      "description_kind": "plain",
                      "optional": true,
                      "computed": true
                    },
                    "method": {
                      "type": "string",
                      "description_kind": "plain",
                      "optional": true
                    },
                    "negate": {
                      "type": "bool",
                      "description_kind": "plain",
                      "optional": true
                    },
                    "pattern": {
                      "type": "string",
                      "description_kind": "plain",
                      "optional": true
                    },
                    "port": {
                      "type": "number",
                      "description_kind": "plain",
                      "optional": true
                    },
                    "type": {
                      "type": "string",
                      "description_kind": "plain",
                      "required": true
                    },
                    "url": {
                      "type": "string",
                      "description_kind": "plain",
                      "optional": true
                    }
                  },
                  "description_kind": "plain"
                },
                "max_items": 1
              }
            },
            "description_kind": "plain"
          }
        },
        "ovh_iploadbalancing_tcp_farm_server": {
          "version": 0,
          "block": {
            "attributes": {
              "address": {
                "type": "string",
                "description_kind": "plain",
                "required": true
              },
              "backup": {
                "type": "bool",
                "description_kind": "plain",
                "optional": true
              },
              "chain": {
                "type": "string",
                "description_kind": "plain",
                "optional": true
              },
              "display_name": {
                "type": "string",
                "description_kind": "plain",
                "optional": true
              },
              "farm_id": {
                "type": "number",
                "description_kind": "plain",
                "required": true
              },
              "id": {
                "type": "string",
                "description_kind": "plain",
                "optional": true,
                "computed": true
              },
              "on_marked_down": {
                "type": "string",
                "description_kind": "plain",
                "optional": true
              },
              "port": {
                "type": "number",
                "description_kind": "plain",
                "optional": true
              },
              "probe": {
                "type": "bool",
                "description_kind": "plain",
                "optional": true
              },
              "proxy_protocol_version": {
                "type": "string",
                "description_kind": "plain",
                "optional": true
              },
              "service_name": {
                "type": "string",
                "description_kind": "plain",
                "required": true
              },
              "ssl": {
                "type": "bool",
                "description_kind": "plain",
                "optional": true
              },
              "status": {
                "type": "string",
                "description_kind": "plain",
                "required": true
              },
              "weight": {
                "type": "number",
                "description_kind": "plain",
                "optional": true
              }
            },
            "description_kind": "plain"
          }
        },
        "ovh_iploadbalancing_tcp_frontend": {
          "version": 0,
          "block": {
            "attributes": {
              "allowed_source": {
                "type": [
                  "list",
                  "string"
                ],
                "description_kind": "plain",
                "optional": true
              },
              "dedicated_ipfo": {
                "type": [
                  "list",
                  "string"
                ],
                "description_kind": "plain",
                "optional": true
              },
              "default_farm_id": {
                "type": "number",
                "description_kind": "plain",
                "optional": true,
                "computed": true
              },
              "default_ssl_id": {
                "type": "number",
                "description_kind": "plain",
                "optional": true,
                "computed": true
              },
              "disabled": {
                "type": "bool",
                "description_kind": "plain",
                "optional": true
              },
              "display_name": {
                "type": "string",
                "description_kind": "plain",
                "optional": true
              },
              "id": {
                "type": "string",
                "description_kind": "plain",
                "optional": true,
                "computed": true
              },
              "port": {
                "type": "string",
                "description_kind": "plain",
                "required": true
              },
              "service_name": {
                "type": "string",
                "description_kind": "plain",
                "required": true
              },
              "ssl": {
                "type": "bool",
                "description_kind": "plain",
                "optional": true
              },
              "zone": {
                "type": "string",
                "description_kind": "plain",
                "required": true
              }
            },
            "description_kind": "plain"
          }
        },
        "ovh_iploadbalancing_tcp_route": {
          "version": 0,
          "block": {
            "attributes": {
              "display_name": {
                "type": "string",
                "description": "Human readable name for your route, this field is for you",
                "description_kind": "plain",
                "optional": true
              },
              "frontend_id": {
                "type": "number",
                "description": "Route traffic for this frontend",
                "description_kind": "plain",
                "optional": true,
                "computed": true
              },
              "id": {
                "type": "string",
                "description_kind": "plain",
                "optional": true,
                "computed": true
              },
              "rules": {
                "type": [
                  "list",
                  [
                    "object",
                    {
                      "field": "string",
                      "match": "string",
                      "negate": "bool",
                      "pattern": "string",
                      "rule_id": "number",
                      "sub_field": "string"
                    }
                  ]
                ],
                "description": "List of rules to match to trigger action",
                "description_kind": "plain",
                "computed": true
              },
              "service_name": {
                "type": "string",
                "description": "The internal name of your IP load balancing",
                "description_kind": "plain",
                "required": true
              },
              "status": {
                "type": "string",
                "description": "Route status. Routes in \"ok\" state are ready to operate",
                "description_kind": "plain",
                "computed": true
              },
              "weight": {
                "type": "number",
                "description": "Route priority ([0..255]). 0 if null. Highest priority routes are evaluated last. Only the first matching route will trigger an action",
                "description_kind": "plain",
                "optional": true,
                "computed": true
              }
            },
            "block_types": {
              "action": {
                "nesting_mode": "list",
                "block": {
                  "attributes": {
                    "target": {
                      "type": "string",
                      "description": "Farm ID for \"farm\" action type, empty for others",
                      "description_kind": "plain",
                      "optional": true
                    },
                    "type": {
                      "type": "string",
                      "description": "Action to trigger if all the rules of this route matches",
                      "description_kind": "plain",
                      "required": true
                    }
                  },
                  "description": "Action triggered when all rules match",
                  "description_kind": "plain"
                },
                "min_items": 1,
                "max_items": 1
              }
            },
            "description_kind": "plain"
          }
        },
        "ovh_iploadbalancing_tcp_route_rule": {
          "version": 0,
          "block": {
            "attributes": {
              "display_name": {
                "type": "string",
                "description_kind": "plain",
                "optional": true
              },
              "field": {
                "type": "string",
                "description_kind": "plain",
                "required": true
              },
              "id": {
                "type": "string",
                "description_kind": "plain",
                "optional": true,
                "computed": true
              },
              "match": {
                "type": "string",
                "description_kind": "plain",
                "required": true
              },
              "negate": {
                "type": "bool",
                "description_kind": "plain",
                "optional": true,
                "computed": true
              },
              "pattern": {
                "type": "string",
                "description_kind": "plain",
                "optional": true
              },
              "route_id": {
                "type": "string",
                "description_kind": "plain",
                "required": true
              },
              "service_name": {
                "type": "string",
                "description_kind": "plain",
                "required": true
              },
              "sub_field": {
                "type": "string",
                "description_kind": "plain",
                "optional": true
              }
            },
            "description_kind": "plain"
          }
        },
        "ovh_iploadbalancing_vrack_network": {
          "version": 0,
          "block": {
            "attributes": {
              "display_name": {
                "type": "string",
                "description": "Human readable name for your vrack network",
                "description_kind": "plain",
                "optional": true
              },
              "farm_id": {
                "type": [
                  "list",
                  "number"
                ],
                "description": "This attribute is there for documentation purpose only and isnt passed to the OVH API as it may conflicts with http/tcp farms `vrack_network_id` attribute",
                "description_kind": "plain",
                "optional": true
              },
              "id": {
                "type": "string",
                "description_kind": "plain",
                "optional": true,
                "computed": true
              },
              "nat_ip": {
                "type": "string",
                "description": "An IP block used as a pool of IPs by this Load Balancer to connect to the servers in this private network. The blck must be in the private network and reserved for the Load Balancer",
                "description_kind": "plain",
                "required": true
              },
              "service_name": {
                "type": "string",
                "description": "The internal name of your IPloadbalancer",
                "description_kind": "plain",
                "required": true
              },
              "subnet": {
                "type": "string",
                "description": "IP block of the private network in the vRack",
                "description_kind": "plain",
                "required": true
              },
              "vlan": {
                "type": "number",
                "description": "VLAN of the private network in the vRack. 0 if the private network is not in a VLAN",
                "description_kind": "plain",
                "optional": true,
                "computed": true
              },
              "vrack_network_id": {
                "type": "number",
                "description": "Internal Load Balancer identifier of the vRack private network",
                "description_kind": "plain",
                "computed": true
              }
            },
            "description_kind": "plain"
          }
        },
        "ovh_me_identity_group": {
          "version": 0,
          "block": {
            "attributes": {
              "creation": {
                "type": "string",
                "description_kind": "plain",
                "computed": true
              },
              "default_group": {
                "type": "bool",
                "description_kind": "plain",
                "computed": true
              },
              "description": {
                "type": "string",
                "description_kind": "plain",
                "optional": true
              },
              "id": {
                "type": "string",
                "description_kind": "plain",
                "optional": true,
                "computed": true
              },
              "last_update": {
                "type": "string",
                "description_kind": "plain",
                "computed": true
              },
              "name": {
                "type": "string",
                "description_kind": "plain",
                "required": true
              },
              "role": {
                "type": "string",
                "description_kind": "plain",
                "optional": true
              },
              "urn": {
                "type": "string",
                "description_kind": "plain",
                "computed": true
              }
            },
            "description_kind": "plain"
          }
        },
        "ovh_me_identity_user": {
          "version": 0,
          "block": {
            "attributes": {
              "creation": {
                "type": "string",
                "description": "Creation date of this user",
                "description_kind": "plain",
                "computed": true
              },
              "description": {
                "type": "string",
                "description": "User description",
                "description_kind": "plain",
                "optional": true
              },
              "email": {
                "type": "string",
                "description": "User's email",
                "description_kind": "plain",
                "required": true
              },
              "group": {
                "type": "string",
                "description": "User's group",
                "description_kind": "plain",
                "optional": true
              },
              "id": {
                "type": "string",
                "description_kind": "plain",
                "optional": true,
                "computed": true
              },
              "last_update": {
                "type": "string",
                "description": "Last update of this user",
                "description_kind": "plain",
                "computed": true
              },
              "login": {
                "type": "string",
                "description": "User's login suffix",
                "description_kind": "plain",
                "required": true
              },
              "password": {
                "type": "string",
                "description": "User's password",
                "description_kind": "plain",
                "required": true,
                "sensitive": true
              },
              "password_last_update": {
                "type": "string",
                "description": "When the user changed his password for the last time",
                "description_kind": "plain",
                "computed": true
              },
              "status": {
                "type": "string",
                "description": "Current user's status",
                "description_kind": "plain",
                "computed": true
              },
              "urn": {
                "type": "string",
                "description_kind": "plain",
                "computed": true
              }
            },
            "description_kind": "plain"
          }
        },
        "ovh_me_installation_template": {
          "version": 0,
          "block": {
            "attributes": {
              "available_languages": {
                "type": [
                  "list",
                  "string"
                ],
                "description": "List of all language available for this template",
                "description_kind": "plain",
                "computed": true
              },
              "base_template_name": {
                "type": "string",
                "description": "OVH template name yours will be based on, choose one among the list given by compatibleTemplates function",
                "description_kind": "plain",
                "required": true
              },
              "beta": {
                "type": "bool",
                "description": "This distribution is new and, although tested and functional, may still display odd behaviour",
                "description_kind": "plain",
                "computed": true
              },
              "bit_format": {
                "type": "number",
                "description": "This template bit format (32 or 64)",
                "description_kind": "plain",
                "computed": true
              },
              "category": {
                "type": "string",
                "description": "Category of this template (informative only). (basic, customer, hosting, other, readyToUse, virtualisation)",
                "description_kind": "plain",
                "computed": true
              },
              "default_language": {
                "type": "string",
                "description": "The default language of this template",
                "description_kind": "plain",
                "required": true
              },
              "deprecated": {
                "type": "bool",
                "description": "is this distribution deprecated",
                "description_kind": "plain",
                "computed": true
              },
              "description": {
                "type": "string",
                "description": "information about this template",
                "description_kind": "plain",
                "computed": true
              },
              "distribution": {
                "type": "string",
                "description": "the distribution this template is based on",
                "description_kind": "plain",
                "computed": true
              },
              "family": {
                "type": "string",
                "description": "this template family type (bsd,linux,solaris,windows)",
                "description_kind": "plain",
                "computed": true
              },
              "filesystems": {
                "type": [
                  "list",
                  "string"
                ],
                "description": "Filesystems available (btrfs,ext3,ext4,ntfs,reiserfs,swap,ufs,xfs,zfs)",
                "description_kind": "plain",
                "computed": true
              },
              "hard_raid_configuration": {
                "type": "bool",
                "description": "This distribution supports hardware raid configuration through the OVH API",
                "description_kind": "plain",
                "computed": true
              },
              "id": {
                "type": "string",
                "description_kind": "plain",
                "optional": true,
                "computed": true
              },
              "last_modification": {
                "type": "string",
                "description": "Date of last modification of the base image",
                "description_kind": "plain",
                "computed": true
              },
              "lvm_ready": {
                "type": "bool",
                "description": "This distribution supports Logical Volumes (Linux LVM)",
                "description_kind": "plain",
                "computed": true
              },
              "remove_default_partition_schemes": {
                "type": "bool",
                "description": "Remove default partition schemes at creation",
                "description_kind": "plain",
                "optional": true,
                "computed": true
              },
              "supports_distribution_kernel": {
                "type": "bool",
                "description": "This distribution supports installation using the distribution's native kernel instead of the recommended OVH kernel",
                "description_kind": "plain",
                "computed": true
              },
              "supports_rtm": {
                "type": "bool",
                "description": "This distribution supports RTM software",
                "description_kind": "plain",
                "computed": true
              },
              "supports_sql_server": {
                "type": "bool",
                "description": "This distribution supports the microsoft SQL server",
                "description_kind": "plain",
                "computed": true
              },
              "template_name": {
                "type": "string",
                "description": "This template name",
                "description_kind": "plain",
                "required": true
              }
            },
            "block_types": {
              "customization": {
                "nesting_mode": "list",
                "block": {
                  "attributes": {
                    "change_log": {
                      "type": "string",
                      "description": "Template change log details",
                      "description_kind": "plain",
                      "deprecated": true,
                      "optional": true
                    },
                    "custom_hostname": {
                      "type": "string",
                      "description": "Set up the server using the provided hostname instead of the default hostname",
                      "description_kind": "plain",
                      "optional": true
                    },
                    "post_installation_script_link": {
                      "type": "string",
                      "description": "Indicate the URL where your postinstall customisation script is located",
                      "description_kind": "plain",
                      "optional": true
                    },
                    "post_installation_script_return": {
                      "type": "string",
                      "description": "indicate the string returned by your postinstall customisation script on successful execution. Advice: your script should return a unique validation string in case of succes. A good example is 'loh1Xee7eo OK OK OK UGh8Ang1Gu'",
                      "description_kind": "plain",
                      "optional": true
                    },
                    "rating": {
                      "type": "number",
                      "description_kind": "plain",
                      "deprecated": true,
                      "optional": true
                    },
                    "ssh_key_name": {
                      "type": "string",
                      "description": "Name of the ssh key that should be installed. Password login will be disabled",
                      "description_kind": "plain",
                      "optional": true
                    },
                    "use_distribution_kernel": {
                      "type": "bool",
                      "description": "Use the distribution's native kernel instead of the recommended OVH Kernel",
                      "description_kind": "plain",
                      "optional": true
                    }
                  },
                  "description_kind": "plain"
                },
                "max_items": 1
              }
            },
            "description_kind": "plain"
          }
        },
        "ovh_me_installation_template_partition_scheme": {
          "version": 0,
          "block": {
            "attributes": {
              "id": {
                "type": "string",
                "description_kind": "plain",
                "optional": true,
                "computed": true
              },
              "name": {
                "type": "string",
                "description": "name of this partitioning scheme",
                "description_kind": "plain",
                "required": true
              },
              "priority": {
                "type": "number",
                "description": "on a reinstall, if a partitioning scheme is not specified, the one with the higher priority will be used by default, among all the compatible partitioning schemes (given the underlying hardware specifications)",
                "description_kind": "plain",
                "required": true
              },
              "template_name": {
                "type": "string",
                "description": "This template name",
                "description_kind": "plain",
                "required": true
              }
            },
            "description_kind": "plain"
          }
        },
        "ovh_me_installation_template_partition_scheme_hardware_raid": {
          "version": 0,
          "block": {
            "attributes": {
              "disks": {
                "type": [
                  "list",
                  "string"
                ],
                "description": "Disk List. Syntax is cX:dY for disks and [cX:dY,cX:dY] for groups. With X and Y resp. the controller id and the disk id",
                "description_kind": "plain",
                "required": true
              },
              "id": {
                "type": "string",
                "description_kind": "plain",
                "optional": true,
                "computed": true
              },
              "mode": {
                "type": "string",
                "description": "RAID mode (raid0, raid1, raid10, raid5, raid50, raid6, raid60)",
                "description_kind": "plain",
                "required": true
              },
              "name": {
                "type": "string",
                "description": "Hardware RAID name",
                "description_kind": "plain",
                "required": true
              },
              "scheme_name": {
                "type": "string",
                "description": "name of this partitioning scheme",
                "description_kind": "plain",
                "required": true
              },
              "step": {
                "type": "number",
                "description": "Specifies the creation order of the hardware RAID",
                "description_kind": "plain",
                "required": true
              },
              "template_name": {
                "type": "string",
                "description": "Template name",
                "description_kind": "plain",
                "required": true
              }
            },
            "description_kind": "plain"
          }
        },
        "ovh_me_installation_template_partition_scheme_partition": {
          "version": 0,
          "block": {
            "attributes": {
              "filesystem": {
                "type": "string",
                "description": "Partition filesystem",
                "description_kind": "plain",
                "required": true
              },
              "id": {
                "type": "string",
                "description_kind": "plain",
                "optional": true,
                "computed": true
              },
              "mountpoint": {
                "type": "string",
                "description": "partition mount point",
                "description_kind": "plain",
                "required": true
              },
              "order": {
                "type": "number",
                "description": "step or order. specifies the creation order of the partition on the disk",
                "description_kind": "plain",
                "required": true
              },
              "raid": {
                "type": "string",
                "description": "raid partition type",
                "description_kind": "plain",
                "optional": true,
                "computed": true
              },
              "scheme_name": {
                "type": "string",
                "description": "name of this partitioning scheme",
                "description_kind": "plain",
                "required": true
              },
              "size": {
                "type": "number",
                "description": "size of partition in MB, 0 => rest of the space",
                "description_kind": "plain",
                "required": true
              },
              "template_name": {
                "type": "string",
                "description": "Template name",
                "description_kind": "plain",
                "required": true
              },
              "type": {
                "type": "string",
                "description": "partition type",
                "description_kind": "plain",
                "required": true
              },
              "volume_name": {
                "type": "string",
                "description": "The volume name needed for proxmox distribution",
                "description_kind": "plain",
                "optional": true,
                "computed": true
              }
            },
            "description_kind": "plain"
          }
        },
        "ovh_me_ipxe_script": {
          "version": 0,
          "block": {
            "attributes": {
              "description": {
                "type": "string",
                "description": "For documentation purpose only. This attribute is not passed to the OVH API as it cannot be retrieved back. Instead a fake description ('$name auto description') is passed at creation time.",
                "description_kind": "plain",
                "optional": true,
                "computed": true
              },
              "id": {
                "type": "string",
                "description_kind": "plain",
                "optional": true,
                "computed": true
              },
              "name": {
                "type": "string",
                "description": "Name of your script",
                "description_kind": "plain",
                "required": true
              },
              "script": {
                "type": "string",
                "description": "Content of your IPXE script",
                "description_kind": "plain",
                "required": true
              }
            },
            "description_kind": "plain"
          }
        },
        "ovh_me_ssh_key": {
          "version": 0,
          "block": {
            "attributes": {
              "default": {
                "type": "bool",
                "description": "True when this public Ssh key is used for rescue mode and reinstallations",
                "description_kind": "plain",
                "optional": true,
                "computed": true
              },
              "id": {
                "type": "string",
                "description_kind": "plain",
                "optional": true,
                "computed": true
              },
              "key": {
                "type": "string",
                "description": "ASCII encoded public Ssh key",
                "description_kind": "plain",
                "required": true
              },
              "key_name": {
                "type": "string",
                "description": "Name of this public Ssh key",
                "description_kind": "plain",
                "required": true
              }
            },
            "description_kind": "plain"
          }
        },
        "ovh_vrack": {
          "version": 0,
          "block": {
            "attributes": {
              "description": {
                "type": "string",
                "description": "yourvrackdescription",
                "description_kind": "plain",
                "optional": true,
                "computed": true
              },
              "id": {
                "type": "string",
                "description_kind": "plain",
                "optional": true,
                "computed": true
              },
              "name": {
                "type": "string",
                "description": "yourvrackname",
                "description_kind": "plain",
                "optional": true,
                "computed": true
              },
              "order": {
                "type": [
                  "list",
                  [
                    "object",
                    {
                      "date": "string",
                      "details": [
                        "list",
                        [
                          "object",
                          {
                            "description": "string",
                            "domain": "string",
                            "order_detail_id": "number",
                            "quantity": "string"
                          }
                        ]
                      ],
                      "expiration_date": "string",
                      "order_id": "number"
                    }
                  ]
                ],
                "description": "Details about an Order",
                "description_kind": "plain",
                "computed": true
              },
              "ovh_subsidiary": {
                "type": "string",
                "description": "Ovh Subsidiary",
                "description_kind": "plain",
                "required": true
              },
              "payment_mean": {
                "type": "string",
                "description": "Ovh payment mode",
                "description_kind": "plain",
                "deprecated": true,
                "optional": true
              },
              "service_name": {
                "type": "string",
                "description": "The internal name of your vrack",
                "description_kind": "plain",
                "computed": true
              },
              "urn": {
                "type": "string",
                "description_kind": "plain",
                "computed": true
              }
            },
            "block_types": {
              "plan": {
                "nesting_mode": "list",
                "block": {
                  "attributes": {
                    "catalog_name": {
                      "type": "string",
                      "description": "Catalog name",
                      "description_kind": "plain",
                      "optional": true
                    },
                    "duration": {
                      "type": "string",
                      "description": "duration",
                      "description_kind": "plain",
                      "required": true
                    },
                    "plan_code": {
                      "type": "string",
                      "description": "Plan code",
                      "description_kind": "plain",
                      "required": true
                    },
                    "pricing_mode": {
                      "type": "string",
                      "description": "Pricing model identifier",
                      "description_kind": "plain",
                      "required": true
                    }
                  },
                  "block_types": {
                    "configuration": {
                      "nesting_mode": "list",
                      "block": {
                        "attributes": {
                          "label": {
                            "type": "string",
                            "description": "Identifier of the resource",
                            "description_kind": "plain",
                            "required": true
                          },
                          "value": {
                            "type": "string",
                            "description": "Path to the resource in API.OVH.COM",
                            "description_kind": "plain",
                            "required": true
                          }
                        },
                        "description": "Representation of a configuration item for personalizing product",
                        "description_kind": "plain"
                      }
                    }
                  },
                  "description": "Product Plan to order",
                  "description_kind": "plain"
                },
                "min_items": 1,
                "max_items": 1
              },
              "plan_option": {
                "nesting_mode": "list",
                "block": {
                  "attributes": {
                    "catalog_name": {
                      "type": "string",
                      "description": "Catalog name",
                      "description_kind": "plain",
                      "optional": true
                    },
                    "duration": {
                      "type": "string",
                      "description": "duration",
                      "description_kind": "plain",
                      "required": true
                    },
                    "plan_code": {
                      "type": "string",
                      "description": "Plan code",
                      "description_kind": "plain",
                      "required": true
                    },
                    "pricing_mode": {
                      "type": "string",
                      "description": "Pricing model identifier",
                      "description_kind": "plain",
                      "required": true
                    }
                  },
                  "block_types": {
                    "configuration": {
                      "nesting_mode": "list",
                      "block": {
                        "attributes": {
                          "label": {
                            "type": "string",
                            "description": "Identifier of the resource",
                            "description_kind": "plain",
                            "required": true
                          },
                          "value": {
                            "type": "string",
                            "description": "Path to the resource in API.OVH.COM",
                            "description_kind": "plain",
                            "required": true
                          }
                        },
                        "description": "Representation of a configuration item for personalizing product",
                        "description_kind": "plain"
                      }
                    }
                  },
                  "description": "Product Plan to order",
                  "description_kind": "plain"
                }
              }
            },
            "description_kind": "plain"
          }
        },
        "ovh_vrack_cloudproject": {
          "version": 0,
          "block": {
            "attributes": {
              "id": {
                "type": "string",
                "description_kind": "plain",
                "optional": true,
                "computed": true
              },
              "project_id": {
                "type": "string",
                "description_kind": "plain",
                "optional": true
              },
              "service_name": {
                "type": "string",
                "description": "Service name of the vrack resource.",
                "description_kind": "plain",
                "required": true
              }
            },
            "description_kind": "plain"
          }
        },
        "ovh_vrack_dedicated_server": {
          "version": 0,
          "block": {
            "attributes": {
              "id": {
                "type": "string",
                "description_kind": "plain",
                "optional": true,
                "computed": true
              },
              "server_id": {
                "type": "string",
                "description_kind": "plain",
                "required": true
              },
              "service_name": {
                "type": "string",
                "description": "Service name of the resource representing the id of the cloud project.",
                "description_kind": "plain",
                "required": true
              }
            },
            "description_kind": "plain",
            "deprecated": true
          }
        },
        "ovh_vrack_dedicated_server_interface": {
          "version": 0,
          "block": {
            "attributes": {
              "id": {
                "type": "string",
                "description_kind": "plain",
                "optional": true,
                "computed": true
              },
              "interface_id": {
                "type": "string",
                "description_kind": "plain",
                "required": true
              },
              "service_name": {
                "type": "string",
                "description": "Service name of the vrack resource.",
                "description_kind": "plain",
                "required": true
              }
            },
            "description_kind": "plain"
          }
        },
        "ovh_vrack_ip": {
          "version": 0,
          "block": {
            "attributes": {
              "block": {
                "type": "string",
                "description": "Your IP block.",
                "description_kind": "plain",
                "required": true
              },
              "gateway": {
                "type": "string",
                "description": "Your gateway",
                "description_kind": "plain",
                "computed": true
              },
              "id": {
                "type": "string",
                "description_kind": "plain",
                "optional": true,
                "computed": true
              },
              "ip": {
                "type": "string",
                "description": "Your IP block",
                "description_kind": "plain",
                "computed": true
              },
              "service_name": {
                "type": "string",
                "description": "The internal name of your vrack",
                "description_kind": "plain",
                "required": true
              },
              "zone": {
                "type": "string",
                "description": "Where you want your block announced on the network",
                "description_kind": "plain",
                "computed": true
              }
            },
            "description_kind": "plain"
          }
        },
        "ovh_vrack_iploadbalancing": {
          "version": 0,
          "block": {
            "attributes": {
              "id": {
                "type": "string",
                "description_kind": "plain",
                "optional": true,
                "computed": true
              },
              "ip_loadbalancing": {
                "type": "string",
                "description": "Your ipLoadbalancing",
                "description_kind": "plain",
                "required": true
              },
              "service_name": {
                "type": "string",
                "description": "The internal name of your vrack",
                "description_kind": "plain",
                "required": true
              }
            },
            "description_kind": "plain"
          }
        }
      },
      "data_source_schemas": {
        "ovh_cloud_project_capabilities_containerregistry": {
          "version": 0,
          "block": {
            "attributes": {
              "id": {
                "type": "string",
                "description_kind": "plain",
                "optional": true,
                "computed": true
              },
              "result": {
                "type": [
                  "list",
                  [
                    "object",
                    {
                      "plans": [
                        "list",
                        [
                          "object",
                          {
                            "code": "string",
                            "created_at": "string",
                            "features": [
                              "list",
                              [
                                "object",
                                {
                                  "vulnerability": "bool"
                                }
                              ]
                            ],
                            "id": "string",
                            "name": "string",
                            "registry_limits": [
                              "list",
                              [
                                "object",
                                {
                                  "image_storage": "number",
                                  "parallel_request": "number"
                                }
                              ]
                            ],
                            "updated_at": "string"
                          }
                        ]
                      ],
                      "region_name": "string"
                    }
                  ]
                ],
                "description": "List of container registry capability for a single region",
                "description_kind": "plain",
                "computed": true
              },
              "service_name": {
                "type": "string",
                "description_kind": "plain",
                "required": true
              }
            },
            "description_kind": "plain"
          }
        },
        "ovh_cloud_project_capabilities_containerregistry_filter": {
          "version": 0,
          "block": {
            "attributes": {
              "code": {
                "type": "string",
                "description": "Plan code from catalog",
                "description_kind": "plain",
                "computed": true
              },
              "created_at": {
                "type": "string",
                "description": "Plan creation date",
                "description_kind": "plain",
                "computed": true
              },
              "features": {
                "type": [
                  "list",
                  [
                    "object",
                    {
                      "vulnerability": "bool"
                    }
                  ]
                ],
                "description": "Features of the plan",
                "description_kind": "plain",
                "computed": true
              },
              "id": {
                "type": "string",
                "description_kind": "plain",
                "optional": true,
                "computed": true
              },
              "name": {
                "type": "string",
                "description": "Plan name",
                "description_kind": "plain",
                "computed": true
              },
              "plan_name": {
                "type": "string",
                "description": "Plan name of the registry.",
                "description_kind": "plain",
                "required": true
              },
              "region": {
                "type": "string",
                "description": "Region of the registry.",
                "description_kind": "plain",
                "required": true
              },
              "registry_limits": {
                "type": [
                  "list",
                  [
                    "object",
                    {
                      "image_storage": "number",
                      "parallel_request": "number"
                    }
                  ]
                ],
                "description": "Container registry limits",
                "description_kind": "plain",
                "computed": true
              },
              "service_name": {
                "type": "string",
                "description_kind": "plain",
                "required": true
              },
              "updated_at": {
                "type": "string",
                "description": "Plan last update date",
                "description_kind": "plain",
                "computed": true
              }
            },
            "description_kind": "plain"
          }
        },
        "ovh_cloud_project_containerregistries": {
          "version": 0,
          "block": {
            "attributes": {
              "id": {
                "type": "string",
                "description_kind": "plain",
                "optional": true,
                "computed": true
              },
              "result": {
                "type": [
                  "list",
                  [
                    "object",
                    {
                      "created_at": "string",
                      "id": "string",
                      "name": "string",
                      "project_id": "string",
                      "region": "string",
                      "size": "number",
                      "status": "string",
                      "updated_at": "string",
                      "url": "string",
                      "version": "string"
                    }
                  ]
                ],
                "description_kind": "plain",
                "computed": true
              },
              "service_name": {
                "type": "string",
                "description_kind": "plain",
                "required": true
              }
            },
            "description_kind": "plain"
          }
        },
        "ovh_cloud_project_containerregistry": {
          "version": 0,
          "block": {
            "attributes": {
              "created_at": {
                "type": "string",
                "description": "Registry creation date",
                "description_kind": "plain",
                "computed": true
              },
              "id": {
                "type": "string",
                "description_kind": "plain",
                "optional": true,
                "computed": true
              },
              "name": {
                "type": "string",
                "description": "Registry name",
                "description_kind": "plain",
                "computed": true
              },
              "project_id": {
                "type": "string",
                "description": "Project ID of your registry",
                "description_kind": "plain",
                "computed": true
              },
              "region": {
                "type": "string",
                "description": "Region of the registry.",
                "description_kind": "plain",
                "computed": true
              },
              "registry_id": {
                "type": "string",
                "description": "Registry ID",
                "description_kind": "plain",
                "required": true
              },
              "service_name": {
                "type": "string",
                "description_kind": "plain",
                "required": true
              },
              "size": {
                "type": "number",
                "description": "Current size of the registry (bytes)",
                "description_kind": "plain",
                "computed": true
              },
              "status": {
                "type": "string",
                "description": "Registry status",
                "description_kind": "plain",
                "computed": true
              },
              "updated_at": {
                "type": "string",
                "description": "Registry last update date",
                "description_kind": "plain",
                "computed": true
              },
              "url": {
                "type": "string",
                "description": "Access url of the registry",
                "description_kind": "plain",
                "computed": true
              },
              "version": {
                "type": "string",
                "description": "Version of your registry",
                "description_kind": "plain",
                "computed": true
              }
            },
            "description_kind": "plain"
          }
        },
        "ovh_cloud_project_containerregistry_oidc": {
          "version": 0,
          "block": {
            "attributes": {
              "id": {
                "type": "string",
                "description_kind": "plain",
                "optional": true,
                "computed": true
              },
              "oidc_admin_group": {
                "type": "string",
                "description_kind": "plain",
                "optional": true
              },
              "oidc_auto_onboard": {
                "type": "bool",
                "description_kind": "plain",
                "optional": true
              },
              "oidc_client_id": {
                "type": "string",
                "description_kind": "plain",
                "optional": true
              },
              "oidc_endpoint": {
                "type": "string",
                "description_kind": "plain",
                "optional": true
              },
              "oidc_groups_claim": {
                "type": "string",
                "description_kind": "plain",
                "optional": true
              },
              "oidc_name": {
                "type": "string",
                "description_kind": "plain",
                "optional": true
              },
              "oidc_scope": {
                "type": "string",
                "description_kind": "plain",
                "optional": true
              },
              "oidc_user_claim": {
                "type": "string",
                "description_kind": "plain",
                "optional": true
              },
              "oidc_verify_cert": {
                "type": "bool",
                "description_kind": "plain",
                "optional": true
              },
              "registry_id": {
                "type": "string",
                "description": "Registry ID",
                "description_kind": "plain",
                "required": true
              },
              "service_name": {
                "type": "string",
                "description": "Service name",
                "description_kind": "plain",
                "required": true
              }
            },
            "description_kind": "plain"
          }
        },
        "ovh_cloud_project_containerregistry_users": {
          "version": 0,
          "block": {
            "attributes": {
              "id": {
                "type": "string",
                "description_kind": "plain",
                "optional": true,
                "computed": true
              },
              "registry_id": {
                "type": "string",
                "description": "RegistryID",
                "description_kind": "plain",
                "required": true
              },
              "result": {
                "type": [
                  "list",
                  [
                    "object",
                    {
                      "email": "string",
                      "id": "string",
                      "user": "string"
                    }
                  ]
                ],
                "description_kind": "plain",
                "computed": true
              },
              "service_name": {
                "type": "string",
                "description": "Service name",
                "description_kind": "plain",
                "required": true
              }
            },
            "description_kind": "plain"
          }
        },
        "ovh_cloud_project_database": {
          "version": 0,
          "block": {
            "attributes": {
              "advanced_configuration": {
                "type": [
                  "map",
                  "string"
                ],
                "description": "Advanced configuration key / value",
                "description_kind": "plain",
                "computed": true
              },
              "backup_time": {
                "type": "string",
                "description": "Time on which backups start every day",
                "description_kind": "plain",
                "computed": true
              },
              "created_at": {
                "type": "string",
                "description": "Date of the creation of the cluster",
                "description_kind": "plain",
                "computed": true
              },
              "description": {
                "type": "string",
                "description": "Description of the cluster",
                "description_kind": "plain",
                "computed": true
              },
              "disk_size": {
                "type": "number",
                "description": "Disk size attributes of the cluster",
                "description_kind": "plain",
                "computed": true
              },
              "disk_type": {
                "type": "string",
                "description": "Disk type attributes of the cluster",
                "description_kind": "plain",
                "computed": true
              },
              "endpoints": {
                "type": [
                  "list",
                  [
                    "object",
                    {
                      "component": "string",
                      "domain": "string",
                      "path": "string",
                      "port": "number",
                      "scheme": "string",
                      "ssl": "bool",
                      "ssl_mode": "string",
                      "uri": "string"
                    }
                  ]
                ],
                "description": "List of all endpoints of the service",
                "description_kind": "plain",
                "computed": true
              },
              "engine": {
                "type": "string",
                "description": "Name of the engine of the service",
                "description_kind": "plain",
                "required": true
              },
              "flavor": {
                "type": "string",
                "description": "The node flavor used for this cluster",
                "description_kind": "plain",
                "computed": true
              },
              "id": {
                "type": "string",
                "description": "Cluster ID",
                "description_kind": "plain",
                "required": true
              },
              "kafka_rest_api": {
                "type": "bool",
                "description": "Defines whether the REST API is enabled on a Kafka cluster",
                "description_kind": "plain",
                "computed": true
              },
              "maintenance_time": {
                "type": "string",
                "description": "Time on which maintenances can start every day",
                "description_kind": "plain",
                "computed": true
              },
              "network_type": {
                "type": "string",
                "description": "Type of network of the cluster",
                "description_kind": "plain",
                "computed": true
              },
              "nodes": {
                "type": [
                  "list",
                  [
                    "object",
                    {
                      "network_id": "string",
                      "region": "string",
                      "subnet_id": "string"
                    }
                  ]
                ],
                "description": "List of nodes composing the service",
                "description_kind": "plain",
                "computed": true
              },
              "opensearch_acls_enabled": {
                "type": "bool",
                "description": "Defines whether the ACLs are enabled on an Opensearch cluster",
                "description_kind": "plain",
                "computed": true
              },
              "plan": {
                "type": "string",
                "description": "Plan of the cluster",
                "description_kind": "plain",
                "computed": true
              },
              "service_name": {
                "type": "string",
                "description_kind": "plain",
                "required": true
              },
              "status": {
                "type": "string",
                "description": "Current status of the cluster",
                "description_kind": "plain",
                "computed": true
              },
              "version": {
                "type": "string",
                "description": "Version of the engine deployed on the cluster",
                "description_kind": "plain",
                "computed": true
              }
            },
            "description_kind": "plain"
          }
        },
        "ovh_cloud_project_database_capabilities": {
          "version": 0,
          "block": {
            "attributes": {
              "engines": {
                "type": [
                  "set",
                  [
                    "object",
                    {
                      "default_version": "string",
                      "description": "string",
                      "name": "string",
                      "ssl_modes": [
                        "set",
                        "string"
                      ],
                      "versions": [
                        "set",
                        "string"
                      ]
                    }
                  ]
                ],
                "description": "Database engines available",
                "description_kind": "plain",
                "computed": true
              },
              "flavors": {
                "type": [
                  "set",
                  [
                    "object",
                    {
                      "core": "number",
                      "memory": "number",
                      "name": "string",
                      "storage": "number"
                    }
                  ]
                ],
                "description": "Flavors available",
                "description_kind": "plain",
                "computed": true
              },
              "id": {
                "type": "string",
                "description_kind": "plain",
                "optional": true,
                "computed": true
              },
              "options": {
                "type": [
                  "set",
                  [
                    "object",
                    {
                      "name": "string",
                      "type": "string"
                    }
                  ]
                ],
                "description": "Options available",
                "description_kind": "plain",
                "computed": true
              },
              "plans": {
                "type": [
                  "set",
                  [
                    "object",
                    {
                      "backup_retention": "string",
                      "description": "string",
                      "name": "string"
                    }
                  ]
                ],
                "description": "Plans available",
                "description_kind": "plain",
                "computed": true
              },
              "service_name": {
                "type": "string",
                "description_kind": "plain",
                "required": true
              }
            },
            "description_kind": "plain"
          }
        },
        "ovh_cloud_project_database_certificates": {
          "version": 0,
          "block": {
            "attributes": {
              "ca": {
                "type": "string",
                "description": "CA certificate used for the service",
                "description_kind": "plain",
                "computed": true
              },
              "cluster_id": {
                "type": "string",
                "description": "Id of the database cluster",
                "description_kind": "plain",
                "required": true
              },
              "engine": {
                "type": "string",
                "description": "Name of the engine of the service",
                "description_kind": "plain",
                "required": true
              },
              "id": {
                "type": "string",
                "description_kind": "plain",
                "optional": true,
                "computed": true
              },
              "service_name": {
                "type": "string",
                "description_kind": "plain",
                "required": true
              }
            },
            "description_kind": "plain"
          }
        },
        "ovh_cloud_project_database_database": {
          "version": 0,
          "block": {
            "attributes": {
              "cluster_id": {
                "type": "string",
                "description": "Cluster ID",
                "description_kind": "plain",
                "required": true
              },
              "default": {
                "type": "bool",
                "description": "Defines if the database has been created by default",
                "description_kind": "plain",
                "computed": true
              },
              "engine": {
                "type": "string",
                "description": "Name of the engine of the service",
                "description_kind": "plain",
                "required": true
              },
              "id": {
                "type": "string",
                "description_kind": "plain",
                "optional": true,
                "computed": true
              },
              "name": {
                "type": "string",
                "description": "Name of the database",
                "description_kind": "plain",
                "required": true
              },
              "service_name": {
                "type": "string",
                "description_kind": "plain",
                "required": true
              }
            },
            "description_kind": "plain"
          }
        },
        "ovh_cloud_project_database_databases": {
          "version": 0,
          "block": {
            "attributes": {
              "cluster_id": {
                "type": "string",
                "description": "Cluster ID",
                "description_kind": "plain",
                "required": true
              },
              "database_ids": {
                "type": [
                  "list",
                  "string"
                ],
                "description": "List of databases ids",
                "description_kind": "plain",
                "computed": true
              },
              "engine": {
                "type": "string",
                "description": "Name of the engine of the service",
                "description_kind": "plain",
                "required": true
              },
              "id": {
                "type": "string",
                "description_kind": "plain",
                "optional": true,
                "computed": true
              },
              "service_name": {
                "type": "string",
                "description_kind": "plain",
                "required": true
              }
            },
            "description_kind": "plain"
          }
        },
        "ovh_cloud_project_database_integration": {
          "version": 0,
          "block": {
            "attributes": {
              "cluster_id": {
                "type": "string",
                "description": "Cluster ID",
                "description_kind": "plain",
                "required": true
              },
              "destination_service_id": {
                "type": "string",
                "description": "ID of the destination service",
                "description_kind": "plain",
                "computed": true
              },
              "engine": {
                "type": "string",
                "description": "Name of the engine of the service",
                "description_kind": "plain",
                "required": true
              },
              "id": {
                "type": "string",
                "description": "Integration ID",
                "description_kind": "plain",
                "required": true
              },
              "parameters": {
                "type": [
                  "map",
                  "string"
                ],
                "description": "Parameters for the integration",
                "description_kind": "plain",
                "computed": true
              },
              "service_name": {
                "type": "string",
                "description_kind": "plain",
                "required": true
              },
              "source_service_id": {
                "type": "string",
                "description": "ID of the source service",
                "description_kind": "plain",
                "computed": true
              },
              "status": {
                "type": "string",
                "description": "Current status of the integration",
                "description_kind": "plain",
                "computed": true
              },
              "type": {
                "type": "string",
                "description": "Type of the integration",
                "description_kind": "plain",
                "computed": true
              }
            },
            "description_kind": "plain"
          }
        },
        "ovh_cloud_project_database_integrations": {
          "version": 0,
          "block": {
            "attributes": {
              "cluster_id": {
                "type": "string",
                "description": "Cluster ID",
                "description_kind": "plain",
                "required": true
              },
              "engine": {
                "type": "string",
                "description": "Name of the engine of the service",
                "description_kind": "plain",
                "required": true
              },
              "id": {
                "type": "string",
                "description_kind": "plain",
                "optional": true,
                "computed": true
              },
              "integration_ids": {
                "type": [
                  "list",
                  "string"
                ],
                "description": "List of integrations ids",
                "description_kind": "plain",
                "computed": true
              },
              "service_name": {
                "type": "string",
                "description_kind": "plain",
                "required": true
              }
            },
            "description_kind": "plain"
          }
        },
        "ovh_cloud_project_database_ip_restrictions": {
          "version": 0,
          "block": {
            "attributes": {
              "cluster_id": {
                "type": "string",
                "description": "Cluster ID",
                "description_kind": "plain",
                "required": true
              },
              "engine": {
                "type": "string",
                "description": "Name of the engine of the service",
                "description_kind": "plain",
                "required": true
              },
              "id": {
                "type": "string",
                "description_kind": "plain",
                "optional": true,
                "computed": true
              },
              "ips": {
                "type": [
                  "list",
                  "string"
                ],
                "description": "List of IP restriction",
                "description_kind": "plain",
                "computed": true
              },
              "service_name": {
                "type": "string",
                "description_kind": "plain",
                "required": true
              }
            },
            "description_kind": "plain"
          }
        },
        "ovh_cloud_project_database_kafka_acl": {
          "version": 0,
          "block": {
            "attributes": {
              "cluster_id": {
                "type": "string",
                "description": "Id of the database cluster",
                "description_kind": "plain",
                "required": true
              },
              "id": {
                "type": "string",
                "description": "Acl ID",
                "description_kind": "plain",
                "required": true
              },
              "permission": {
                "type": "string",
                "description": "Permission to give to this username on this topic",
                "description_kind": "plain",
                "computed": true
              },
              "service_name": {
                "type": "string",
                "description_kind": "plain",
                "required": true
              },
              "topic": {
                "type": "string",
                "description": "Topic affected by this acl",
                "description_kind": "plain",
                "computed": true
              },
              "username": {
                "type": "string",
                "description": "Username affected by this acl",
                "description_kind": "plain",
                "computed": true
              }
            },
            "description_kind": "plain"
          }
        },
        "ovh_cloud_project_database_kafka_acls": {
          "version": 0,
          "block": {
            "attributes": {
              "acl_ids": {
                "type": [
                  "list",
                  "string"
                ],
                "description": "List of acl ids",
                "description_kind": "plain",
                "computed": true
              },
              "cluster_id": {
                "type": "string",
                "description": "Id of the database cluster",
                "description_kind": "plain",
                "required": true
              },
              "id": {
                "type": "string",
                "description_kind": "plain",
                "optional": true,
                "computed": true
              },
              "service_name": {
                "type": "string",
                "description_kind": "plain",
                "required": true
              }
            },
            "description_kind": "plain"
          }
        },
        "ovh_cloud_project_database_kafka_schemaregistryacl": {
          "version": 0,
          "block": {
            "attributes": {
              "cluster_id": {
                "type": "string",
                "description": "Id of the database cluster",
                "description_kind": "plain",
                "required": true
              },
              "id": {
                "type": "string",
                "description": "Shema registry ACL ID",
                "description_kind": "plain",
                "required": true
              },
              "permission": {
                "type": "string",
                "description": "Permission to give to this username on this resource",
                "description_kind": "plain",
                "computed": true
              },
              "resource": {
                "type": "string",
                "description": "Resource affected by this ACL",
                "description_kind": "plain",
                "computed": true
              },
              "service_name": {
                "type": "string",
                "description_kind": "plain",
                "required": true
              },
              "username": {
                "type": "string",
                "description": "Username affected by this ACL",
                "description_kind": "plain",
                "computed": true
              }
            },
            "description_kind": "plain"
          }
        },
        "ovh_cloud_project_database_kafka_schemaregistryacls": {
          "version": 0,
          "block": {
            "attributes": {
              "acl_ids": {
                "type": [
                  "list",
                  "string"
                ],
                "description": "List of schema registry acl ids",
                "description_kind": "plain",
                "computed": true
              },
              "cluster_id": {
                "type": "string",
                "description": "Id of the database cluster",
                "description_kind": "plain",
                "required": true
              },
              "id": {
                "type": "string",
                "description_kind": "plain",
                "optional": true,
                "computed": true
              },
              "service_name": {
                "type": "string",
                "description_kind": "plain",
                "required": true
              }
            },
            "description_kind": "plain"
          }
        },
        "ovh_cloud_project_database_kafka_topic": {
          "version": 0,
          "block": {
            "attributes": {
              "cluster_id": {
                "type": "string",
                "description": "Id of the database cluster",
                "description_kind": "plain",
                "required": true
              },
              "id": {
                "type": "string",
                "description": "Topic ID",
                "description_kind": "plain",
                "required": true
              },
              "min_insync_replicas": {
                "type": "number",
                "description": "Minimum insync replica accepted for this topic",
                "description_kind": "plain",
                "computed": true
              },
              "name": {
                "type": "string",
                "description": "Name of the topic",
                "description_kind": "plain",
                "computed": true
              },
              "partitions": {
                "type": "number",
                "description": "Number of partitions for this topic",
                "description_kind": "plain",
                "computed": true
              },
              "replication": {
                "type": "number",
                "description": "Number of replication for this topic",
                "description_kind": "plain",
                "computed": true
              },
              "retention_bytes": {
                "type": "number",
                "description": "Number of bytes for the retention of the data for this topic",
                "description_kind": "plain",
                "computed": true
              },
              "retention_hours": {
                "type": "number",
                "description": "Number of hours for the retention of the data for this topic",
                "description_kind": "plain",
                "computed": true
              },
              "service_name": {
                "type": "string",
                "description_kind": "plain",
                "required": true
              }
            },
            "description_kind": "plain"
          }
        },
        "ovh_cloud_project_database_kafka_topics": {
          "version": 0,
          "block": {
            "attributes": {
              "cluster_id": {
                "type": "string",
                "description": "Id of the database cluster",
                "description_kind": "plain",
                "required": true
              },
              "id": {
                "type": "string",
                "description_kind": "plain",
                "optional": true,
                "computed": true
              },
              "service_name": {
                "type": "string",
                "description_kind": "plain",
                "required": true
              },
              "topic_ids": {
                "type": [
                  "list",
                  "string"
                ],
                "description": "List of topic ids",
                "description_kind": "plain",
                "computed": true
              }
            },
            "description_kind": "plain"
          }
        },
        "ovh_cloud_project_database_kafka_user_access": {
          "version": 0,
          "block": {
            "attributes": {
              "cert": {
                "type": "string",
                "description": "User cert",
                "description_kind": "plain",
                "computed": true
              },
              "cluster_id": {
                "type": "string",
                "description": "Id of the database cluster",
                "description_kind": "plain",
                "required": true
              },
              "id": {
                "type": "string",
                "description_kind": "plain",
                "optional": true,
                "computed": true
              },
              "key": {
                "type": "string",
                "description": "User key for the cert",
                "description_kind": "plain",
                "computed": true,
                "sensitive": true
              },
              "service_name": {
                "type": "string",
                "description_kind": "plain",
                "required": true
              },
              "user_id": {
                "type": "string",
                "description": "Id of the user",
                "description_kind": "plain",
                "required": true
              }
            },
            "description_kind": "plain"
          }
        },
        "ovh_cloud_project_database_m3db_namespace": {
          "version": 0,
          "block": {
            "attributes": {
              "cluster_id": {
                "type": "string",
                "description": "Cluster ID",
                "description_kind": "plain",
                "required": true
              },
              "id": {
                "type": "string",
                "description_kind": "plain",
                "optional": true,
                "computed": true
              },
              "name": {
                "type": "string",
                "description": "Name of the namespace",
                "description_kind": "plain",
                "required": true
              },
              "resolution": {
                "type": "string",
                "description": "Resolution for an aggregated namespace",
                "description_kind": "plain",
                "computed": true
              },
              "retention_block_data_expiration_duration": {
                "type": "string",
                "description": "Controls how long we wait before expiring stale data",
                "description_kind": "plain",
                "computed": true
              },
              "retention_block_size_duration": {
                "type": "string",
                "description": "Controls how long to keep a block in memory before flushing to a fileset on disk",
                "description_kind": "plain",
                "computed": true
              },
              "retention_buffer_future_duration": {
                "type": "string",
                "description": "Controls how far into the future writes to the namespace will be accepted",
                "description_kind": "plain",
                "computed": true
              },
              "retention_buffer_past_duration": {
                "type": "string",
                "description": "Controls how far into the past writes to the namespace will be accepted",
                "description_kind": "plain",
                "computed": true
              },
              "retention_period_duration": {
                "type": "string",
                "description": "Controls the duration of time that M3DB will retain data for the namespace",
                "description_kind": "plain",
                "computed": true
              },
              "service_name": {
                "type": "string",
                "description_kind": "plain",
                "required": true
              },
              "snapshot_enabled": {
                "type": "bool",
                "description": "Defines whether M3DB will create snapshot files for this namespace",
                "description_kind": "plain",
                "computed": true
              },
              "type": {
                "type": "string",
                "description": "Type of namespace",
                "description_kind": "plain",
                "computed": true
              },
              "writes_to_commit_log_enabled": {
                "type": "bool",
                "description": "Defines whether M3DB will include writes to this namespace in the commit log",
                "description_kind": "plain",
                "computed": true
              }
            },
            "description_kind": "plain"
          }
        },
        "ovh_cloud_project_database_m3db_namespaces": {
          "version": 0,
          "block": {
            "attributes": {
              "cluster_id": {
                "type": "string",
                "description": "Cluster ID",
                "description_kind": "plain",
                "required": true
              },
              "id": {
                "type": "string",
                "description_kind": "plain",
                "optional": true,
                "computed": true
              },
              "namespace_ids": {
                "type": [
                  "list",
                  "string"
                ],
                "description": "List of namespaces ids",
                "description_kind": "plain",
                "computed": true
              },
              "service_name": {
                "type": "string",
                "description_kind": "plain",
                "required": true
              }
            },
            "description_kind": "plain"
          }
        },
        "ovh_cloud_project_database_m3db_user": {
          "version": 0,
          "block": {
            "attributes": {
              "cluster_id": {
                "type": "string",
                "description": "Cluster ID",
                "description_kind": "plain",
                "required": true
              },
              "created_at": {
                "type": "string",
                "description": "Date of the creation of the user",
                "description_kind": "plain",
                "computed": true
              },
              "group": {
                "type": "string",
                "description": "Group of the user",
                "description_kind": "plain",
                "computed": true
              },
              "id": {
                "type": "string",
                "description_kind": "plain",
                "optional": true,
                "computed": true
              },
              "name": {
                "type": "string",
                "description": "Name of the user",
                "description_kind": "plain",
                "required": true
              },
              "service_name": {
                "type": "string",
                "description_kind": "plain",
                "required": true
              },
              "status": {
                "type": "string",
                "description": "Current status of the user",
                "description_kind": "plain",
                "computed": true
              }
            },
            "description_kind": "plain"
          }
        },
        "ovh_cloud_project_database_mongodb_user": {
          "version": 0,
          "block": {
            "attributes": {
              "cluster_id": {
                "type": "string",
                "description": "Cluster ID",
                "description_kind": "plain",
                "required": true
              },
              "created_at": {
                "type": "string",
                "description": "Date of the creation of the user",
                "description_kind": "plain",
                "computed": true
              },
              "id": {
                "type": "string",
                "description_kind": "plain",
                "optional": true,
                "computed": true
              },
              "name": {
                "type": "string",
                "description": "Name of the user with the authentication database in the format name@authDB",
                "description_kind": "plain",
                "required": true
              },
              "roles": {
                "type": [
                  "set",
                  "string"
                ],
                "description": "Roles the user belongs to",
                "description_kind": "plain",
                "computed": true
              },
              "service_name": {
                "type": "string",
                "description_kind": "plain",
                "required": true
              },
              "status": {
                "type": "string",
                "description": "Current status of the user",
                "description_kind": "plain",
                "computed": true
              }
            },
            "description_kind": "plain"
          }
        },
        "ovh_cloud_project_database_opensearch_pattern": {
          "version": 0,
          "block": {
            "attributes": {
              "cluster_id": {
                "type": "string",
                "description": "Id of the database cluster",
                "description_kind": "plain",
                "required": true
              },
              "id": {
                "type": "string",
                "description": "Pattern ID",
                "description_kind": "plain",
                "required": true
              },
              "max_index_count": {
                "type": "number",
                "description": "Maximum number of index for this pattern",
                "description_kind": "plain",
                "computed": true
              },
              "pattern": {
                "type": "string",
                "description": "Pattern format",
                "description_kind": "plain",
                "computed": true
              },
              "service_name": {
                "type": "string",
                "description_kind": "plain",
                "required": true
              }
            },
            "description_kind": "plain"
          }
        },
        "ovh_cloud_project_database_opensearch_patterns": {
          "version": 0,
          "block": {
            "attributes": {
              "cluster_id": {
                "type": "string",
                "description": "Id of the database cluster",
                "description_kind": "plain",
                "required": true
              },
              "id": {
                "type": "string",
                "description_kind": "plain",
                "optional": true,
                "computed": true
              },
              "pattern_ids": {
                "type": [
                  "list",
                  "string"
                ],
                "description": "List of pattern ids",
                "description_kind": "plain",
                "computed": true
              },
              "service_name": {
                "type": "string",
                "description_kind": "plain",
                "required": true
              }
            },
            "description_kind": "plain"
          }
        },
        "ovh_cloud_project_database_opensearch_user": {
          "version": 0,
          "block": {
            "attributes": {
              "acls": {
                "type": [
                  "set",
                  [
                    "object",
                    {
                      "pattern": "string",
                      "permission": "string"
                    }
                  ]
                ],
                "description": "Acls of the user",
                "description_kind": "plain",
                "computed": true
              },
              "cluster_id": {
                "type": "string",
                "description": "Id of the database cluster",
                "description_kind": "plain",
                "required": true
              },
              "created_at": {
                "type": "string",
                "description": "Date of the creation of the user",
                "description_kind": "plain",
                "computed": true
              },
              "id": {
                "type": "string",
                "description_kind": "plain",
                "optional": true,
                "computed": true
              },
              "name": {
                "type": "string",
                "description": "Name of the user",
                "description_kind": "plain",
                "required": true
              },
              "service_name": {
                "type": "string",
                "description_kind": "plain",
                "required": true
              },
              "status": {
                "type": "string",
                "description": "Current status of the user",
                "description_kind": "plain",
                "computed": true
              }
            },
            "description_kind": "plain"
          }
        },
        "ovh_cloud_project_database_postgresql_user": {
          "version": 0,
          "block": {
            "attributes": {
              "cluster_id": {
                "type": "string",
                "description": "Cluster ID",
                "description_kind": "plain",
                "required": true
              },
              "created_at": {
                "type": "string",
                "description": "Date of the creation of the user",
                "description_kind": "plain",
                "computed": true
              },
              "id": {
                "type": "string",
                "description_kind": "plain",
                "optional": true,
                "computed": true
              },
              "name": {
                "type": "string",
                "description": "Name of the user",
                "description_kind": "plain",
                "required": true
              },
              "roles": {
                "type": [
                  "set",
                  "string"
                ],
                "description": "Roles the user belongs to",
                "description_kind": "plain",
                "computed": true
              },
              "service_name": {
                "type": "string",
                "description_kind": "plain",
                "required": true
              },
              "status": {
                "type": "string",
                "description": "Current status of the user",
                "description_kind": "plain",
                "computed": true
              }
            },
            "description_kind": "plain"
          }
        },
        "ovh_cloud_project_database_redis_user": {
          "version": 0,
          "block": {
            "attributes": {
              "categories": {
                "type": [
                  "set",
                  "string"
                ],
                "description": "Categories of the user",
                "description_kind": "plain",
                "computed": true
              },
              "channels": {
                "type": [
                  "set",
                  "string"
                ],
                "description": "Channels of the user",
                "description_kind": "plain",
                "computed": true
              },
              "cluster_id": {
                "type": "string",
                "description": "Id of the database cluster",
                "description_kind": "plain",
                "required": true
              },
              "commands": {
                "type": [
                  "set",
                  "string"
                ],
                "description": "Commands of the user",
                "description_kind": "plain",
                "computed": true
              },
              "created_at": {
                "type": "string",
                "description": "Date of the creation of the user",
                "description_kind": "plain",
                "computed": true
              },
              "id": {
                "type": "string",
                "description_kind": "plain",
                "optional": true,
                "computed": true
              },
              "keys": {
                "type": [
                  "set",
                  "string"
                ],
                "description": "Keys of the user",
                "description_kind": "plain",
                "computed": true
              },
              "name": {
                "type": "string",
                "description": "Name of the user",
                "description_kind": "plain",
                "required": true
              },
              "service_name": {
                "type": "string",
                "description_kind": "plain",
                "required": true
              },
              "status": {
                "type": "string",
                "description": "Current status of the user",
                "description_kind": "plain",
                "computed": true
              }
            },
            "description_kind": "plain"
          }
        },
        "ovh_cloud_project_database_user": {
          "version": 0,
          "block": {
            "attributes": {
              "cluster_id": {
                "type": "string",
                "description": "Cluster ID",
                "description_kind": "plain",
                "required": true
              },
              "created_at": {
                "type": "string",
                "description": "Date of the creation of the user",
                "description_kind": "plain",
                "computed": true
              },
              "engine": {
                "type": "string",
                "description": "Name of the engine of the service",
                "description_kind": "plain",
                "required": true
              },
              "id": {
                "type": "string",
                "description_kind": "plain",
                "optional": true,
                "computed": true
              },
              "name": {
                "type": "string",
                "description": "Name of the user",
                "description_kind": "plain",
                "required": true
              },
              "service_name": {
                "type": "string",
                "description_kind": "plain",
                "required": true
              },
              "status": {
                "type": "string",
                "description": "Current status of the user",
                "description_kind": "plain",
                "computed": true
              }
            },
            "description_kind": "plain"
          }
        },
        "ovh_cloud_project_database_users": {
          "version": 0,
          "block": {
            "attributes": {
              "cluster_id": {
                "type": "string",
                "description": "Cluster ID",
                "description_kind": "plain",
                "required": true
              },
              "engine": {
                "type": "string",
                "description": "Name of the engine of the service",
                "description_kind": "plain",
                "required": true
              },
              "id": {
                "type": "string",
                "description_kind": "plain",
                "optional": true,
                "computed": true
              },
              "service_name": {
                "type": "string",
                "description_kind": "plain",
                "required": true
              },
              "user_ids": {
                "type": [
                  "list",
                  "string"
                ],
                "description": "List of users ids",
                "description_kind": "plain",
                "computed": true
              }
            },
            "description_kind": "plain"
          }
        },
        "ovh_cloud_project_databases": {
          "version": 0,
          "block": {
            "attributes": {
              "cluster_ids": {
                "type": [
                  "list",
                  "string"
                ],
                "description": "List of database clusters uuids",
                "description_kind": "plain",
                "computed": true
              },
              "engine": {
                "type": "string",
                "description": "Name of the engine of the service",
                "description_kind": "plain",
                "required": true
              },
              "id": {
                "type": "string",
                "description_kind": "plain",
                "optional": true,
                "computed": true
              },
              "service_name": {
                "type": "string",
                "description_kind": "plain",
                "required": true
              }
            },
            "description_kind": "plain"
          }
        },
        "ovh_cloud_project_failover_ip_attach": {
          "version": 0,
          "block": {
            "attributes": {
              "block": {
                "type": "string",
                "description": "IP block",
                "description_kind": "plain",
                "optional": true,
                "computed": true
              },
              "continent_code": {
                "type": "string",
                "description": "Ip continent",
                "description_kind": "plain",
                "optional": true,
                "computed": true
              },
              "geo_loc": {
                "type": "string",
                "description": "Ip location",
                "description_kind": "plain",
                "optional": true,
                "computed": true
              },
              "id": {
                "type": "string",
                "description": "Ip id",
                "description_kind": "plain",
                "computed": true
              },
              "ip": {
                "type": "string",
                "description": "Ip",
                "description_kind": "plain",
                "optional": true,
                "computed": true
              },
              "progress": {
                "type": "number",
                "description": "Current operation progress in percent",
                "description_kind": "plain",
                "computed": true
              },
              "routed_to": {
                "type": "string",
                "description": "Instance where ip is routed to",
                "description_kind": "plain",
                "optional": true,
                "computed": true
              },
              "service_name": {
                "type": "string",
                "description": "The service name",
                "description_kind": "plain",
                "required": true
              },
              "status": {
                "type": "string",
                "description": "Ip status",
                "description_kind": "plain",
                "computed": true
              },
              "sub_type": {
                "type": "string",
                "description": "IP sub type",
                "description_kind": "plain",
                "computed": true
              }
            },
            "description_kind": "plain"
          }
        },
        "ovh_cloud_project_kube": {
          "version": 0,
          "block": {
            "attributes": {
              "control_plane_is_up_to_date": {
                "type": "bool",
                "description_kind": "plain",
                "computed": true
              },
              "id": {
                "type": "string",
                "description_kind": "plain",
                "optional": true,
                "computed": true
              },
              "is_up_to_date": {
                "type": "bool",
                "description_kind": "plain",
                "computed": true
              },
              "kube_id": {
                "type": "string",
                "description_kind": "plain",
                "required": true
              },
              "kube_proxy_mode": {
                "type": "string",
                "description_kind": "plain",
                "optional": true
              },
              "name": {
                "type": "string",
                "description_kind": "plain",
                "optional": true
              },
              "next_upgrade_versions": {
                "type": [
                  "set",
                  "string"
                ],
                "description_kind": "plain",
                "computed": true
              },
              "nodes_url": {
                "type": "string",
                "description_kind": "plain",
                "computed": true
              },
              "private_network_id": {
                "type": "string",
                "description_kind": "plain",
                "computed": true
              },
              "region": {
                "type": "string",
                "description_kind": "plain",
                "optional": true
              },
              "service_name": {
                "type": "string",
                "description_kind": "plain",
                "required": true
              },
              "status": {
                "type": "string",
                "description_kind": "plain",
                "computed": true
              },
              "update_policy": {
                "type": "string",
                "description_kind": "plain",
                "optional": true
              },
              "url": {
                "type": "string",
                "description_kind": "plain",
                "computed": true
              },
              "version": {
                "type": "string",
                "description_kind": "plain",
                "optional": true
              }
            },
            "block_types": {
              "customization": {
                "nesting_mode": "set",
                "block": {
                  "block_types": {
                    "apiserver": {
                      "nesting_mode": "set",
                      "block": {
                        "block_types": {
                          "admissionplugins": {
                            "nesting_mode": "set",
                            "block": {
                              "attributes": {
                                "disabled": {
                                  "type": [
                                    "list",
                                    "string"
                                  ],
                                  "description_kind": "plain",
                                  "optional": true,
                                  "computed": true
                                },
                                "enabled": {
                                  "type": [
                                    "list",
                                    "string"
                                  ],
                                  "description_kind": "plain",
                                  "optional": true,
                                  "computed": true
                                }
                              },
                              "description_kind": "plain"
                            }
                          }
                        },
                        "description_kind": "plain",
                        "deprecated": true
                      }
                    }
                  },
                  "description_kind": "plain",
                  "deprecated": true
                }
              },
              "customization_apiserver": {
                "nesting_mode": "set",
                "block": {
                  "block_types": {
                    "admissionplugins": {
                      "nesting_mode": "set",
                      "block": {
                        "attributes": {
                          "disabled": {
                            "type": [
                              "list",
                              "string"
                            ],
                            "description_kind": "plain",
                            "optional": true,
                            "computed": true
                          },
                          "enabled": {
                            "type": [
                              "list",
                              "string"
                            ],
                            "description_kind": "plain",
                            "optional": true,
                            "computed": true
                          }
                        },
                        "description_kind": "plain"
                      }
                    }
                  },
                  "description_kind": "plain"
                }
              },
              "customization_kube_proxy": {
                "nesting_mode": "set",
                "block": {
                  "block_types": {
                    "iptables": {
                      "nesting_mode": "set",
                      "block": {
                        "attributes": {
                          "min_sync_period": {
                            "type": "string",
                            "description_kind": "plain",
                            "optional": true
                          },
                          "sync_period": {
                            "type": "string",
                            "description_kind": "plain",
                            "optional": true
                          }
                        },
                        "description_kind": "plain"
                      },
                      "max_items": 1
                    },
                    "ipvs": {
                      "nesting_mode": "set",
                      "block": {
                        "attributes": {
                          "min_sync_period": {
                            "type": "string",
                            "description_kind": "plain",
                            "optional": true
                          },
                          "scheduler": {
                            "type": "string",
                            "description_kind": "plain",
                            "optional": true
                          },
                          "sync_period": {
                            "type": "string",
                            "description_kind": "plain",
                            "optional": true
                          },
                          "tcp_fin_timeout": {
                            "type": "string",
                            "description_kind": "plain",
                            "optional": true
                          },
                          "tcp_timeout": {
                            "type": "string",
                            "description_kind": "plain",
                            "optional": true
                          },
                          "udp_timeout": {
                            "type": "string",
                            "description_kind": "plain",
                            "optional": true
                          }
                        },
                        "description_kind": "plain"
                      },
                      "max_items": 1
                    }
                  },
                  "description_kind": "plain"
                },
                "max_items": 1
              }
            },
            "description_kind": "plain"
          }
        },
        "ovh_cloud_project_kube_iprestrictions": {
          "version": 0,
          "block": {
            "attributes": {
              "id": {
                "type": "string",
                "description_kind": "plain",
                "optional": true,
                "computed": true
              },
              "ips": {
                "type": [
                  "set",
                  "string"
                ],
                "description": "List of IP restrictions for the cluster",
                "description_kind": "plain",
                "computed": true
              },
              "kube_id": {
                "type": "string",
                "description": "Kube ID",
                "description_kind": "plain",
                "required": true
              },
              "service_name": {
                "type": "string",
                "description": "Service name",
                "description_kind": "plain",
                "required": true
              }
            },
            "description_kind": "plain"
          }
        },
        "ovh_cloud_project_kube_nodepool": {
          "version": 0,
          "block": {
            "attributes": {
              "anti_affinity": {
                "type": "bool",
                "description": "Enable anti affinity groups for nodes in the pool",
                "description_kind": "plain",
                "computed": true
              },
              "autoscale": {
                "type": "bool",
                "description": "Enable auto-scaling for the pool",
                "description_kind": "plain",
                "computed": true
              },
              "available_nodes": {
                "type": "number",
                "description": "Number of nodes which are actually ready in the pool",
                "description_kind": "plain",
                "computed": true
              },
              "created_at": {
                "type": "string",
                "description": "Creation date",
                "description_kind": "plain",
                "computed": true
              },
              "current_nodes": {
                "type": "number",
                "description": "Number of nodes present in the pool",
                "description_kind": "plain",
                "computed": true
              },
              "desired_nodes": {
                "type": "number",
                "description": "Number of nodes you desire in the pool",
                "description_kind": "plain",
                "computed": true
              },
              "flavor": {
                "type": "string",
                "description": "Flavor name",
                "description_kind": "plain",
                "computed": true
              },
              "flavor_name": {
                "type": "string",
                "description": "Flavor name",
                "description_kind": "plain",
                "computed": true
              },
              "id": {
                "type": "string",
                "description_kind": "plain",
                "optional": true,
                "computed": true
              },
              "kube_id": {
                "type": "string",
                "description": "Kube ID",
                "description_kind": "plain",
                "required": true
              },
              "max_nodes": {
                "type": "number",
                "description": "Number of nodes you desire in the pool",
                "description_kind": "plain",
                "computed": true
              },
              "min_nodes": {
                "type": "number",
                "description": "Number of nodes you desire in the pool",
                "description_kind": "plain",
                "computed": true
              },
              "monthly_billed": {
                "type": "bool",
                "description": "Enable monthly billing on all nodes in the pool",
                "description_kind": "plain",
                "computed": true
              },
              "name": {
                "type": "string",
                "description": "NodePool resource name",
                "description_kind": "plain",
                "required": true
              },
              "project_id": {
                "type": "string",
                "description": "Project id",
                "description_kind": "plain",
                "computed": true
              },
              "service_name": {
                "type": "string",
                "description": "Service name",
                "description_kind": "plain",
                "required": true
              },
              "size_status": {
                "type": "string",
                "description": "Status describing the state between number of nodes wanted and available ones",
                "description_kind": "plain",
                "computed": true
              },
              "status": {
                "type": "string",
                "description": "Current status",
                "description_kind": "plain",
                "computed": true
              },
              "up_to_date_nodes": {
                "type": "number",
                "description": "Number of nodes with latest version installed in the pool",
                "description_kind": "plain",
                "computed": true
              },
              "updated_at": {
                "type": "string",
                "description": "Last update date",
                "description_kind": "plain",
                "computed": true
              }
            },
            "block_types": {
              "template": {
                "nesting_mode": "set",
                "block": {
                  "block_types": {
                    "metadata": {
                      "nesting_mode": "set",
                      "block": {
                        "attributes": {
                          "annotations": {
                            "type": [
                              "map",
                              "string"
                            ],
                            "description": "annotations",
                            "description_kind": "plain",
                            "optional": true
                          },
                          "finalizers": {
                            "type": [
                              "list",
                              "string"
                            ],
                            "description": "finalizers",
                            "description_kind": "plain",
                            "optional": true
                          },
                          "labels": {
                            "type": [
                              "map",
                              "string"
                            ],
                            "description": "labels",
                            "description_kind": "plain",
                            "optional": true
                          }
                        },
                        "description": "metadata",
                        "description_kind": "plain"
                      },
                      "max_items": 1
                    },
                    "spec": {
                      "nesting_mode": "set",
                      "block": {
                        "attributes": {
                          "taints": {
                            "type": [
                              "list",
                              [
                                "map",
                                "string"
                              ]
                            ],
                            "description": "taints",
                            "description_kind": "plain",
                            "optional": true
                          },
                          "unschedulable": {
                            "type": "bool",
                            "description": "unschedulable",
                            "description_kind": "plain",
                            "optional": true
                          }
                        },
                        "description": "spec",
                        "description_kind": "plain"
                      },
                      "max_items": 1
                    }
                  },
                  "description": "Node pool template",
                  "description_kind": "plain"
                },
                "max_items": 1
              }
            },
            "description_kind": "plain"
          }
        },
        "ovh_cloud_project_kube_nodepool_nodes": {
          "version": 0,
          "block": {
            "attributes": {
              "id": {
                "type": "string",
                "description_kind": "plain",
                "optional": true,
                "computed": true
              },
              "kube_id": {
                "type": "string",
                "description": "Kube ID",
                "description_kind": "plain",
                "required": true
              },
              "name": {
                "type": "string",
                "description": "NodePool resource name",
                "description_kind": "plain",
                "required": true
              },
              "nodes": {
                "type": [
                  "list",
                  [
                    "object",
                    {
                      "created_at": "string",
                      "deployed_at": "string",
                      "flavor": "string",
                      "id": "string",
                      "instance_id": "string",
                      "is_up_to_date": "bool",
                      "name": "string",
                      "node_pool_id": "string",
                      "project_id": "string",
                      "status": "string",
                      "updated_at": "string",
                      "version": "string"
                    }
                  ]
                ],
                "description": "Nodes composing the node pool",
                "description_kind": "plain",
                "computed": true
              },
              "service_name": {
                "type": "string",
                "description": "Service name",
                "description_kind": "plain",
                "required": true
              }
            },
            "description_kind": "plain"
          }
        },
        "ovh_cloud_project_kube_nodes": {
          "version": 0,
          "block": {
            "attributes": {
              "id": {
                "type": "string",
                "description_kind": "plain",
                "optional": true,
                "computed": true
              },
              "kube_id": {
                "type": "string",
                "description": "Kube ID",
                "description_kind": "plain",
                "required": true
              },
              "nodes": {
                "type": [
                  "list",
                  [
                    "object",
                    {
                      "created_at": "string",
                      "deployed_at": "string",
                      "flavor": "string",
                      "id": "string",
                      "instance_id": "string",
                      "is_up_to_date": "bool",
                      "name": "string",
                      "node_pool_id": "string",
                      "project_id": "string",
                      "status": "string",
                      "updated_at": "string",
                      "version": "string"
                    }
                  ]
                ],
                "description": "Nodes composing the cluster",
                "description_kind": "plain",
                "computed": true
              },
              "service_name": {
                "type": "string",
                "description": "Service name",
                "description_kind": "plain",
                "required": true
              }
            },
            "description_kind": "plain"
          }
        },
        "ovh_cloud_project_kube_oidc": {
          "version": 0,
          "block": {
            "attributes": {
              "client_id": {
                "type": "string",
                "description_kind": "plain",
                "optional": true
              },
              "id": {
                "type": "string",
                "description_kind": "plain",
                "optional": true,
                "computed": true
              },
              "issuer_url": {
                "type": "string",
                "description_kind": "plain",
                "optional": true
              },
              "kube_id": {
                "type": "string",
                "description": "Kube ID",
                "description_kind": "plain",
                "required": true
              },
              "oidc_ca_content": {
                "type": "string",
                "description_kind": "plain",
                "optional": true
              },
              "oidc_groups_claim": {
                "type": [
                  "list",
                  "string"
                ],
                "description_kind": "plain",
                "optional": true
              },
              "oidc_groups_prefix": {
                "type": "string",
                "description_kind": "plain",
                "optional": true
              },
              "oidc_required_claim": {
                "type": [
                  "list",
                  "string"
                ],
                "description_kind": "plain",
                "optional": true
              },
              "oidc_signing_algs": {
                "type": [
                  "list",
                  "string"
                ],
                "description_kind": "plain",
                "optional": true
              },
              "oidc_username_claim": {
                "type": "string",
                "description_kind": "plain",
                "optional": true
              },
              "oidc_username_prefix": {
                "type": "string",
                "description_kind": "plain",
                "optional": true
              },
              "service_name": {
                "type": "string",
                "description": "Service name",
                "description_kind": "plain",
                "required": true
              }
            },
            "description_kind": "plain"
          }
        },
        "ovh_cloud_project_region": {
          "version": 0,
          "block": {
            "attributes": {
              "continent_code": {
                "type": "string",
                "description_kind": "plain",
                "computed": true
              },
              "datacenter_location": {
                "type": "string",
                "description_kind": "plain",
                "computed": true
              },
              "id": {
                "type": "string",
                "description_kind": "plain",
                "optional": true,
                "computed": true
              },
              "name": {
                "type": "string",
                "description_kind": "plain",
                "required": true
              },
              "service_name": {
                "type": "string",
                "description": "Service name of the resource representing the id of the cloud project.",
                "description_kind": "plain",
                "required": true
              },
              "services": {
                "type": [
                  "set",
                  [
                    "object",
                    {
                      "name": "string",
                      "status": "string"
                    }
                  ]
                ],
                "description_kind": "plain",
                "computed": true
              }
            },
            "description_kind": "plain"
          }
        },
        "ovh_cloud_project_regions": {
          "version": 0,
          "block": {
            "attributes": {
              "has_services_up": {
                "type": [
                  "list",
                  "string"
                ],
                "description_kind": "plain",
                "optional": true
              },
              "id": {
                "type": "string",
                "description_kind": "plain",
                "optional": true,
                "computed": true
              },
              "names": {
                "type": [
                  "set",
                  "string"
                ],
                "description_kind": "plain",
                "computed": true
              },
              "service_name": {
                "type": "string",
                "description": "Service name of the resource representing the id of the cloud project.",
                "description_kind": "plain",
                "required": true
              }
            },
            "description_kind": "plain"
          }
        },
        "ovh_cloud_project_user": {
          "version": 0,
          "block": {
            "attributes": {
              "creation_date": {
                "type": "string",
                "description_kind": "plain",
                "computed": true
              },
              "description": {
                "type": "string",
                "description_kind": "plain",
                "computed": true
              },
              "id": {
                "type": "string",
                "description_kind": "plain",
                "optional": true,
                "computed": true
              },
              "roles": {
                "type": [
                  "list",
                  [
                    "object",
                    {
                      "description": "string",
                      "id": "string",
                      "name": "string",
                      "permissions": [
                        "set",
                        "string"
                      ]
                    }
                  ]
                ],
                "description_kind": "plain",
                "computed": true
              },
              "service_name": {
                "type": "string",
                "description": "Service name of the resource representing the id of the cloud project.",
                "description_kind": "plain",
                "required": true
              },
              "status": {
                "type": "string",
                "description_kind": "plain",
                "computed": true
              },
              "user_id": {
                "type": "string",
                "description": "The user ID",
                "description_kind": "plain",
                "required": true
              },
              "username": {
                "type": "string",
                "description_kind": "plain",
                "computed": true
              }
            },
            "description_kind": "plain"
          }
        },
        "ovh_cloud_project_user_s3_credential": {
          "version": 0,
          "block": {
            "attributes": {
              "access_key_id": {
                "type": "string",
                "description": "The access key",
                "description_kind": "plain",
                "required": true
              },
              "id": {
                "type": "string",
                "description_kind": "plain",
                "optional": true,
                "computed": true
              },
              "secret_access_key": {
                "type": "string",
                "description_kind": "plain",
                "computed": true,
                "sensitive": true
              },
              "service_name": {
                "type": "string",
                "description": "Service name of the resource representing the ID of the cloud project.",
                "description_kind": "plain",
                "required": true
              },
              "user_id": {
                "type": "string",
                "description": "The user ID",
                "description_kind": "plain",
                "required": true
              }
            },
            "description_kind": "plain"
          }
        },
        "ovh_cloud_project_user_s3_credentials": {
          "version": 0,
          "block": {
            "attributes": {
              "access_key_ids": {
                "type": [
                  "list",
                  "string"
                ],
                "description_kind": "plain",
                "computed": true
              },
              "id": {
                "type": "string",
                "description_kind": "plain",
                "optional": true,
                "computed": true
              },
              "service_name": {
                "type": "string",
                "description": "Service name of the resource representing the ID of the cloud project.",
                "description_kind": "plain",
                "required": true
              },
              "user_id": {
                "type": "string",
                "description": "The user ID",
                "description_kind": "plain",
                "required": true
              }
            },
            "description_kind": "plain"
          }
        },
        "ovh_cloud_project_user_s3_policy": {
          "version": 0,
          "block": {
            "attributes": {
              "id": {
                "type": "string",
                "description_kind": "plain",
                "optional": true,
                "computed": true
              },
              "policy": {
                "type": "string",
                "description": "The policy document. This is a JSON formatted string.",
                "description_kind": "plain",
                "computed": true
              },
              "service_name": {
                "type": "string",
                "description": "Service name of the resource representing the ID of the cloud project.",
                "description_kind": "plain",
                "required": true
              },
              "user_id": {
                "type": "string",
                "description": "The user ID",
                "description_kind": "plain",
                "required": true
              }
            },
            "description_kind": "plain"
          }
        },
        "ovh_cloud_project_users": {
          "version": 0,
          "block": {
            "attributes": {
              "id": {
                "type": "string",
                "description_kind": "plain",
                "optional": true,
                "computed": true
              },
              "service_name": {
                "type": "string",
                "description": "Service name of the resource representing the id of the cloud project.",
                "description_kind": "plain",
                "required": true
              },
              "users": {
                "type": [
                  "list",
                  [
                    "object",
                    {
                      "creation_date": "string",
                      "description": "string",
                      "roles": [
                        "list",
                        [
                          "object",
                          {
                            "description": "string",
                            "id": "string",
                            "name": "string",
                            "permissions": [
                              "set",
                              "string"
                            ]
                          }
                        ]
                      ],
                      "status": "string",
                      "user_id": "string",
                      "username": "string"
                    }
                  ]
                ],
                "description_kind": "plain",
                "computed": true
              }
            },
            "description_kind": "plain"
          }
        },
        "ovh_dbaas_logs_cluster": {
          "version": 0,
          "block": {
            "attributes": {
              "archive_allowed_networks": {
                "type": [
                  "set",
                  "string"
                ],
                "description": "Allowed networks for ARCHIVE flow type",
                "description_kind": "plain",
                "computed": true
              },
              "cluster_type": {
                "type": "string",
                "description": "Cluster type",
                "description_kind": "plain",
                "computed": true
              },
              "dedicated_input_pem": {
                "type": "string",
                "description": "PEM for dedicated inputs",
                "description_kind": "plain",
                "computed": true,
                "sensitive": true
              },
              "direct_input_allowed_networks": {
                "type": [
                  "set",
                  "string"
                ],
                "description": "Allowed networks for DIRECT_INPUT flow type",
                "description_kind": "plain",
                "computed": true
              },
              "direct_input_pem": {
                "type": "string",
                "description": "PEM for direct inputs",
                "description_kind": "plain",
                "computed": true,
                "sensitive": true
              },
              "hostname": {
                "type": "string",
                "description": "hostname",
                "description_kind": "plain",
                "computed": true
              },
              "id": {
                "type": "string",
                "description_kind": "plain",
                "optional": true,
                "computed": true
              },
              "is_default": {
                "type": "bool",
                "description": "All content generated by given service will be placed on this cluster",
                "description_kind": "plain",
                "computed": true
              },
              "is_unlocked": {
                "type": "bool",
                "description": "Allow given service to perform advanced operations on cluster",
                "description_kind": "plain",
                "computed": true
              },
              "query_allowed_networks": {
                "type": [
                  "set",
                  "string"
                ],
                "description": "Allowed networks for QUERY flow type",
                "description_kind": "plain",
                "computed": true
              },
              "region": {
                "type": "string",
                "description": "Data center localization",
                "description_kind": "plain",
                "computed": true
              },
              "service_name": {
                "type": "string",
                "description": "The service name",
                "description_kind": "plain",
                "required": true
              },
              "urn": {
                "type": "string",
                "description_kind": "plain",
                "computed": true
              }
            },
            "description_kind": "plain"
          }
        },
        "ovh_dbaas_logs_input_engine": {
          "version": 0,
          "block": {
            "attributes": {
              "id": {
                "type": "string",
                "description_kind": "plain",
                "optional": true,
                "computed": true
              },
              "is_deprecated": {
                "type": "bool",
                "description_kind": "plain",
                "optional": true,
                "computed": true
              },
              "name": {
                "type": "string",
                "description_kind": "plain",
                "optional": true,
                "computed": true
              },
              "service_name": {
                "type": "string",
                "description": "The service name",
                "description_kind": "plain",
                "required": true
              },
              "version": {
                "type": "string",
                "description_kind": "plain",
                "optional": true,
                "computed": true
              }
            },
            "description_kind": "plain"
          }
        },
        "ovh_dbaas_logs_output_graylog_stream": {
          "version": 0,
          "block": {
            "attributes": {
              "can_alert": {
                "type": "bool",
                "description": "Indicates if the current user can create alert on the stream",
                "description_kind": "plain",
                "computed": true
              },
              "cold_storage_compression": {
                "type": "string",
                "description": "Cold storage compression method",
                "description_kind": "plain",
                "computed": true
              },
              "cold_storage_content": {
                "type": "string",
                "description": "ColdStorage content",
                "description_kind": "plain",
                "computed": true
              },
              "cold_storage_enabled": {
                "type": "bool",
                "description": "Is Cold storage enabled?",
                "description_kind": "plain",
                "computed": true
              },
              "cold_storage_notify_enabled": {
                "type": "bool",
                "description": "Notify on new Cold storage archive",
                "description_kind": "plain",
                "computed": true
              },
              "cold_storage_retention": {
                "type": "number",
                "description": "Cold storage retention in year",
                "description_kind": "plain",
                "computed": true
              },
              "cold_storage_target": {
                "type": "string",
                "description": "ColdStorage destination",
                "description_kind": "plain",
                "computed": true
              },
              "created_at": {
                "type": "string",
                "description": "Stream creation",
                "description_kind": "plain",
                "computed": true
              },
              "description": {
                "type": "string",
                "description": "Stream description",
                "description_kind": "plain",
                "computed": true
              },
              "id": {
                "type": "string",
                "description_kind": "plain",
                "optional": true,
                "computed": true
              },
              "indexing_enabled": {
                "type": "bool",
                "description": "Enable ES indexing",
                "description_kind": "plain",
                "computed": true
              },
              "indexing_max_size": {
                "type": "number",
                "description": "Maximum indexing size (in GB)",
                "description_kind": "plain",
                "computed": true
              },
              "indexing_notify_enabled": {
                "type": "bool",
                "description": "If set, notify when size is near 80, 90 or 100 % of the maximum configured setting",
                "description_kind": "plain",
                "computed": true
              },
              "is_editable": {
                "type": "bool",
                "description": "Indicates if you are allowed to edit entry",
                "description_kind": "plain",
                "computed": true
              },
              "is_shareable": {
                "type": "bool",
                "description": "Indicates if you are allowed to share entry",
                "description_kind": "plain",
                "computed": true
              },
              "nb_alert_condition": {
                "type": "number",
                "description": "Number of alert condition",
                "description_kind": "plain",
                "computed": true
              },
              "nb_archive": {
                "type": "number",
                "description": "Number of coldstored archives",
                "description_kind": "plain",
                "computed": true
              },
              "parent_stream_id": {
                "type": "string",
                "description": "Parent stream ID",
                "description_kind": "plain",
                "computed": true
              },
              "pause_indexing_on_max_size": {
                "type": "bool",
                "description": "If set, pause indexing when maximum size is reach",
                "description_kind": "plain",
                "computed": true
              },
              "retention_id": {
                "type": "string",
                "description": "Retention ID",
                "description_kind": "plain",
                "computed": true
              },
              "service_name": {
                "type": "string",
                "description": "The service name",
                "description_kind": "plain",
                "required": true
              },
              "stream_id": {
                "type": "string",
                "description": "Stream ID",
                "description_kind": "plain",
                "computed": true
              },
              "title": {
                "type": "string",
                "description": "Stream description",
                "description_kind": "plain",
                "required": true
              },
              "updated_at": {
                "type": "string",
                "description": "Stream last update",
                "description_kind": "plain",
                "computed": true
              },
              "web_socket_enabled": {
                "type": "bool",
                "description": "Enable Websocket",
                "description_kind": "plain",
                "computed": true
              }
            },
            "description_kind": "plain"
          }
        },
        "ovh_dedicated_ceph": {
          "version": 0,
          "block": {
            "attributes": {
              "ceph_mons": {
                "type": [
                  "list",
                  "string"
                ],
                "description_kind": "plain",
                "computed": true
              },
              "ceph_version": {
                "type": "string",
                "description_kind": "plain",
                "optional": true,
                "computed": true
              },
              "crush_tunables": {
                "type": "string",
                "description_kind": "plain",
                "computed": true
              },
              "id": {
                "type": "string",
                "description_kind": "plain",
                "optional": true,
                "computed": true
              },
              "label": {
                "type": "string",
                "description_kind": "plain",
                "computed": true
              },
              "region": {
                "type": "string",
                "description_kind": "plain",
                "computed": true
              },
              "service_name": {
                "type": "string",
                "description_kind": "plain",
                "required": true
              },
              "size": {
                "type": "number",
                "description_kind": "plain",
                "computed": true
              },
              "state": {
                "type": "string",
                "description_kind": "plain",
                "computed": true
              },
              "status": {
                "type": "string",
                "description_kind": "plain",
                "optional": true,
                "computed": true
              },
              "urn": {
                "type": "string",
                "description_kind": "plain",
                "computed": true
              }
            },
            "description_kind": "plain"
          }
        },
        "ovh_dedicated_installation_templates": {
          "version": 0,
          "block": {
            "attributes": {
              "id": {
                "type": "string",
                "description_kind": "plain",
                "optional": true,
                "computed": true
              },
              "result": {
                "type": [
                  "list",
                  "string"
                ],
                "description_kind": "plain",
                "computed": true
              }
            },
            "description_kind": "plain"
          }
        },
        "ovh_dedicated_nasha": {
          "version": 0,
          "block": {
            "attributes": {
              "can_create_partition": {
                "type": "bool",
                "description": "True, if partition creation is allowed on this HA-NAS",
                "description_kind": "plain",
                "computed": true
              },
              "custom_name": {
                "type": "string",
                "description": "The name you give to the HA-NAS",
                "description_kind": "plain",
                "computed": true
              },
              "datacenter": {
                "type": "string",
                "description": "area of HA-NAS",
                "description_kind": "plain",
                "computed": true
              },
              "disk_type": {
                "type": "string",
                "description": "the disk type of the HA-NAS",
                "description_kind": "plain",
                "computed": true
              },
              "id": {
                "type": "string",
                "description_kind": "plain",
                "optional": true,
                "computed": true
              },
              "ip": {
                "type": "string",
                "description": "Access IP of HA-NAS",
                "description_kind": "plain",
                "computed": true
              },
              "monitored": {
                "type": "bool",
                "description": "Send an email to customer if any issue is detected",
                "description_kind": "plain",
                "computed": true
              },
              "service_name": {
                "type": "string",
                "description": "The storage service name",
                "description_kind": "plain",
                "required": true
              },
              "urn": {
                "type": "string",
                "description_kind": "plain",
                "computed": true
              },
              "zpool_capacity": {
                "type": "number",
                "description": "percentage of HA-NAS space used in %",
                "description_kind": "plain",
                "computed": true
              },
              "zpool_size": {
                "type": "number",
                "description": "the size of the HA-NAS",
                "description_kind": "plain",
                "computed": true
              }
            },
            "description_kind": "plain"
          }
        },
        "ovh_dedicated_server": {
          "version": 0,
          "block": {
            "attributes": {
              "boot_id": {
                "type": "number",
                "description_kind": "plain",
                "computed": true
              },
              "commercial_range": {
                "type": "string",
                "description": "dedicater server commercial range",
                "description_kind": "plain",
                "computed": true
              },
              "datacenter": {
                "type": "string",
                "description": "dedicated datacenter localisation (bhs1,bhs2,...)",
                "description_kind": "plain",
                "computed": true
              },
              "enabled_public_vnis": {
                "type": [
                  "list",
                  "string"
                ],
                "description": "List of enabled public VNI uuids",
                "description_kind": "plain",
                "computed": true
              },
              "enabled_vrack_aggregation_vnis": {
                "type": [
                  "list",
                  "string"
                ],
                "description": "List of enabled vrack_aggregation VNI uuids",
                "description_kind": "plain",
                "computed": true
              },
              "enabled_vrack_vnis": {
                "type": [
                  "list",
                  "string"
                ],
                "description": "List of enabled vrack VNI uuids",
                "description_kind": "plain",
                "computed": true
              },
              "id": {
                "type": "string",
                "description_kind": "plain",
                "optional": true,
                "computed": true
              },
              "ip": {
                "type": "string",
                "description": "dedicated server ip (IPv4)",
                "description_kind": "plain",
                "computed": true
              },
              "ips": {
                "type": [
                  "list",
                  "string"
                ],
                "description": "dedicated server ip blocks",
                "description_kind": "plain",
                "computed": true
              },
              "link_speed": {
                "type": "number",
                "description_kind": "plain",
                "computed": true
              },
              "monitoring": {
                "type": "bool",
                "description": "Icmp monitoring state",
                "description_kind": "plain",
                "computed": true
              },
              "name": {
                "type": "string",
                "description": "dedicated server name",
                "description_kind": "plain",
                "computed": true
              },
              "os": {
                "type": "string",
                "description": "Operating system",
                "description_kind": "plain",
                "computed": true
              },
              "professional_use": {
                "type": "bool",
                "description": "Does this server have professional use option",
                "description_kind": "plain",
                "computed": true
              },
              "rack": {
                "type": "string",
                "description_kind": "plain",
                "computed": true
              },
              "rescue_mail": {
                "type": "string",
                "description_kind": "plain",
                "computed": true
              },
              "reverse": {
                "type": "string",
                "description": "dedicated server reverse",
                "description_kind": "plain",
                "computed": true
              },
              "root_device": {
                "type": "string",
                "description_kind": "plain",
                "computed": true
              },
              "server_id": {
                "type": "number",
                "description": "your server id",
                "description_kind": "plain",
                "computed": true
              },
              "service_name": {
                "type": "string",
                "description_kind": "plain",
                "required": true
              },
              "state": {
                "type": "string",
                "description": "error, hacked, hackedBlocked, ok",
                "description_kind": "plain",
                "computed": true
              },
              "support_level": {
                "type": "string",
                "description": "Dedicated server support level (critical, fastpath, gs, pro)",
                "description_kind": "plain",
                "computed": true
              },
              "urn": {
                "type": "string",
                "description_kind": "plain",
                "computed": true
              },
              "vnis": {
                "type": [
                  "list",
                  [
                    "object",
                    {
                      "enabled": "bool",
                      "mode": "string",
                      "name": "string",
                      "nics": [
                        "list",
                        "string"
                      ],
                      "server_name": "string",
                      "uuid": "string",
                      "vrack": "string"
                    }
                  ]
                ],
                "description_kind": "plain",
                "computed": true
              }
            },
            "description_kind": "plain"
          }
        },
        "ovh_dedicated_server_boots": {
          "version": 0,
          "block": {
            "attributes": {
              "boot_type": {
                "type": "string",
                "description": "Filter the value of bootType property",
                "description_kind": "plain",
                "optional": true
              },
              "id": {
                "type": "string",
                "description_kind": "plain",
                "optional": true,
                "computed": true
              },
              "kernel": {
                "type": "string",
                "description": "Filter the value of kernel property",
                "description_kind": "plain",
                "optional": true
              },
              "result": {
                "type": [
                  "list",
                  "number"
                ],
                "description": "Server compatibles netboots ids",
                "description_kind": "plain",
                "computed": true
              },
              "service_name": {
                "type": "string",
                "description": "The internal name of your dedicated server.",
                "description_kind": "plain",
                "required": true
              }
            },
            "description_kind": "plain"
          }
        },
        "ovh_dedicated_servers": {
          "version": 0,
          "block": {
            "attributes": {
              "id": {
                "type": "string",
                "description_kind": "plain",
                "optional": true,
                "computed": true
              },
              "result": {
                "type": [
                  "list",
                  "string"
                ],
                "description_kind": "plain",
                "computed": true
              }
            },
            "description_kind": "plain"
          }
        },
        "ovh_domain_zone": {
          "version": 0,
          "block": {
            "attributes": {
              "dnssec_supported": {
                "type": "bool",
                "description_kind": "plain",
                "computed": true
              },
              "has_dns_anycast": {
                "type": "bool",
                "description_kind": "plain",
                "computed": true
              },
              "id": {
                "type": "string",
                "description_kind": "plain",
                "optional": true,
                "computed": true
              },
              "last_update": {
                "type": "string",
                "description_kind": "plain",
                "computed": true
              },
              "name": {
                "type": "string",
                "description_kind": "plain",
                "required": true
              },
              "name_servers": {
                "type": [
                  "set",
                  "string"
                ],
                "description_kind": "plain",
                "computed": true
              },
              "urn": {
                "type": "string",
                "description_kind": "plain",
                "computed": true
              }
            },
            "description_kind": "plain"
          }
        },
        "ovh_hosting_privatedatabase": {
          "version": 0,
          "block": {
            "attributes": {
              "cpu": {
                "type": "number",
                "description": "Number of CPU on your private database",
                "description_kind": "plain",
                "computed": true
              },
              "datacenter": {
                "type": "string",
                "description": "Datacenter where this private database is located",
                "description_kind": "plain",
                "computed": true
              },
              "display_name": {
                "type": "string",
                "description": "Name displayed in customer panel for your private database",
                "description_kind": "plain",
                "computed": true
              },
              "hostname": {
                "type": "string",
                "description": "Private database hostname",
                "description_kind": "plain",
                "computed": true
              },
              "hostname_ftp": {
                "type": "string",
                "description": "Private database FTP hostname",
                "description_kind": "plain",
                "computed": true
              },
              "id": {
                "type": "string",
                "description_kind": "plain",
                "optional": true,
                "computed": true
              },
              "infrastructure": {
                "type": "string",
                "description": "Infrastructure where service was stored",
                "description_kind": "plain",
                "computed": true
              },
              "offer": {
                "type": "string",
                "description": "Type of the private database offer",
                "description_kind": "plain",
                "computed": true
              },
              "port": {
                "type": "number",
                "description": "Private database service port",
                "description_kind": "plain",
                "computed": true
              },
              "port_ftp": {
                "type": "number",
                "description": "Private database FTP port",
                "description_kind": "plain",
                "computed": true
              },
              "quota_size": {
                "type": "number",
                "description": "Space allowed (in MB) on your private database",
                "description_kind": "plain",
                "computed": true
              },
              "quota_used": {
                "type": "number",
                "description": "Space used (in MB) on your private database",
                "description_kind": "plain",
                "computed": true
              },
              "ram": {
                "type": "number",
                "description": "Amount of ram (in MB) on your private database",
                "description_kind": "plain",
                "computed": true
              },
              "server": {
                "type": "string",
                "description": "Private database server name",
                "description_kind": "plain",
                "computed": true
              },
              "service_name": {
                "type": "string",
                "description_kind": "plain",
                "required": true
              },
              "state": {
                "type": "string",
                "description": "Private database state",
                "description_kind": "plain",
                "computed": true
              },
              "type": {
                "type": "string",
                "description": "Private database type",
                "description_kind": "plain",
                "computed": true
              },
              "urn": {
                "type": "string",
                "description_kind": "plain",
                "computed": true
              },
              "version": {
                "type": "string",
                "description": "Private database available versions",
                "description_kind": "plain",
                "computed": true
              },
              "version_label": {
                "type": "string",
                "description": "Private database version label",
                "description_kind": "plain",
                "computed": true
              },
              "version_number": {
                "type": "number",
                "description": "Private database version number",
                "description_kind": "plain",
                "computed": true
              }
            },
            "description_kind": "plain"
          }
        },
        "ovh_hosting_privatedatabase_database": {
          "version": 0,
          "block": {
            "attributes": {
              "backup_time": {
                "type": "string",
                "description": "Time of the next backup (every day)",
                "description_kind": "plain",
                "computed": true
              },
              "creation_date": {
                "type": "string",
                "description": "Creation date of the database",
                "description_kind": "plain",
                "computed": true
              },
              "database_name": {
                "type": "string",
                "description": "Database name",
                "description_kind": "plain",
                "required": true
              },
              "id": {
                "type": "string",
                "description_kind": "plain",
                "optional": true,
                "computed": true
              },
              "quota_used": {
                "type": "number",
                "description": "Space used by the database (in MB)",
                "description_kind": "plain",
                "computed": true
              },
              "service_name": {
                "type": "string",
                "description": "The internal name of your private database",
                "description_kind": "plain",
                "required": true
              },
              "users": {
                "type": [
                  "set",
                  [
                    "object",
                    {
                      "grant_type": "string",
                      "user_name": "string"
                    }
                  ]
                ],
                "description": "Users granted to this database",
                "description_kind": "plain",
                "computed": true
              }
            },
            "description_kind": "plain"
          }
        },
        "ovh_hosting_privatedatabase_user": {
          "version": 0,
          "block": {
            "attributes": {
              "creation_date": {
                "type": "string",
                "description": "Creation date of the user",
                "description_kind": "plain",
                "computed": true
              },
              "databases": {
                "type": [
                  "set",
                  [
                    "object",
                    {
                      "database_name": "string",
                      "grant_type": "string"
                    }
                  ]
                ],
                "description": "Databases granted for this user",
                "description_kind": "plain",
                "computed": true
              },
              "id": {
                "type": "string",
                "description_kind": "plain",
                "optional": true,
                "computed": true
              },
              "service_name": {
                "type": "string",
                "description": "The internal name of your private database",
                "description_kind": "plain",
                "required": true
              },
              "user_name": {
                "type": "string",
                "description": "User name used to connect to your databases",
                "description_kind": "plain",
                "required": true
              }
            },
            "description_kind": "plain"
          }
        },
        "ovh_hosting_privatedatabase_user_grant": {
          "version": 0,
          "block": {
            "attributes": {
              "creation_date": {
                "type": "string",
                "description": "Creation date of the user",
                "description_kind": "plain",
                "computed": true
              },
              "database_name": {
                "type": "string",
                "description": "Database name",
                "description_kind": "plain",
                "required": true
              },
              "grant": {
                "type": "string",
                "description": "Grant name",
                "description_kind": "plain",
                "computed": true
              },
              "id": {
                "type": "string",
                "description_kind": "plain",
                "optional": true,
                "computed": true
              },
              "service_name": {
                "type": "string",
                "description": "The internal name of your private database",
                "description_kind": "plain",
                "required": true
              },
              "user_name": {
                "type": "string",
                "description": "User name used to connect to your databases",
                "description_kind": "plain",
                "required": true
              }
            },
            "description_kind": "plain"
          }
        },
        "ovh_hosting_privatedatabase_whitelist": {
          "version": 0,
          "block": {
            "attributes": {
              "creation_date": {
                "type": "string",
                "description": "Creation date of this whitelist",
                "description_kind": "plain",
                "computed": true
              },
              "id": {
                "type": "string",
                "description_kind": "plain",
                "optional": true,
                "computed": true
              },
              "ip": {
                "type": "string",
                "description": "The whitelisted IP in your instance",
                "description_kind": "plain",
                "optional": true
              },
              "last_update": {
                "type": "string",
                "description": "The last update date of this whitelist",
                "description_kind": "plain",
                "computed": true
              },
              "name": {
                "type": "string",
                "description": "Custom name for your Whitelisted IP",
                "description_kind": "plain",
                "computed": true
              },
              "service": {
                "type": "bool",
                "description": "Authorize this IP to access service port",
                "description_kind": "plain",
                "computed": true
              },
              "service_name": {
                "type": "string",
                "description": "The internal name of your private database",
                "description_kind": "plain",
                "required": true
              },
              "sftp": {
                "type": "bool",
                "description": "Authorize this IP to access SFTP port",
                "description_kind": "plain",
                "computed": true
              },
              "status": {
                "type": "string",
                "description": "Whitelist status",
                "description_kind": "plain",
                "computed": true
              }
            },
            "description_kind": "plain"
          }
        },
        "ovh_iam_policies": {
          "version": 0,
          "block": {
            "attributes": {
              "id": {
                "type": "string",
                "description_kind": "plain",
                "optional": true,
                "computed": true
              },
              "policies": {
                "type": [
                  "set",
                  "string"
                ],
                "description_kind": "plain",
                "computed": true
              }
            },
            "description_kind": "plain"
          }
        },
        "ovh_iam_policy": {
          "version": 0,
          "block": {
            "attributes": {
              "allow": {
                "type": [
                  "set",
                  "string"
                ],
                "description_kind": "plain",
                "optional": true
              },
              "created_at": {
                "type": "string",
                "description_kind": "plain",
                "computed": true
              },
              "description": {
                "type": "string",
                "description_kind": "plain",
                "optional": true
              },
              "except": {
                "type": [
                  "set",
                  "string"
                ],
                "description_kind": "plain",
                "optional": true
              },
              "id": {
                "type": "string",
                "description_kind": "plain",
                "required": true
              },
              "identities": {
                "type": [
                  "set",
                  "string"
                ],
                "description_kind": "plain",
                "computed": true
              },
              "name": {
                "type": "string",
                "description_kind": "plain",
                "computed": true
              },
              "owner": {
                "type": "string",
                "description_kind": "plain",
                "computed": true
              },
              "read_only": {
                "type": "bool",
                "description_kind": "plain",
                "computed": true
              },
              "resources": {
                "type": [
                  "set",
                  "string"
                ],
                "description_kind": "plain",
                "computed": true
              },
              "updated_at": {
                "type": "string",
                "description_kind": "plain",
                "computed": true
              }
            },
            "description_kind": "plain"
          }
        },
        "ovh_iam_reference_actions": {
          "version": 0,
          "block": {
            "attributes": {
              "actions": {
                "type": [
                  "set",
                  [
                    "object",
                    {
                      "action": "string",
                      "categories": [
                        "set",
                        "string"
                      ],
                      "description": "string",
                      "resource_type": "string"
                    }
                  ]
                ],
                "description_kind": "plain",
                "computed": true
              },
              "id": {
                "type": "string",
                "description_kind": "plain",
                "optional": true,
                "computed": true
              },
              "type": {
                "type": "string",
                "description_kind": "plain",
                "required": true
              }
            },
            "description_kind": "plain"
          }
        },
        "ovh_iam_reference_resource_type": {
          "version": 0,
          "block": {
            "attributes": {
              "id": {
                "type": "string",
                "description_kind": "plain",
                "optional": true,
                "computed": true
              },
              "types": {
                "type": [
                  "set",
                  "string"
                ],
                "description_kind": "plain",
                "computed": true
              }
            },
            "description_kind": "plain"
          }
        },
        "ovh_ip_service": {
          "version": 0,
          "block": {
            "attributes": {
              "can_be_terminated": {
                "type": "bool",
                "description_kind": "plain",
                "computed": true
              },
              "country": {
                "type": "string",
                "description_kind": "plain",
                "computed": true
              },
              "description": {
                "type": "string",
                "description": "Custom description on your ip",
                "description_kind": "plain",
                "computed": true
              },
              "id": {
                "type": "string",
                "description_kind": "plain",
                "optional": true,
                "computed": true
              },
              "ip": {
                "type": "string",
                "description_kind": "plain",
                "computed": true
              },
              "organisation_id": {
                "type": "string",
                "description": "IP block organisation Id",
                "description_kind": "plain",
                "computed": true
              },
              "routed_to": {
                "type": [
                  "list",
                  [
                    "object",
                    {
                      "service_name": "string"
                    }
                  ]
                ],
                "description": "Routage information",
                "description_kind": "plain",
                "computed": true
              },
              "service_name": {
                "type": "string",
                "description": "The service name",
                "description_kind": "plain",
                "required": true
              },
              "type": {
                "type": "string",
                "description": "Possible values for ip type",
                "description_kind": "plain",
                "computed": true
              }
            },
            "description_kind": "plain"
          }
        },
        "ovh_iploadbalancing": {
          "version": 0,
          "block": {
            "attributes": {
              "display_name": {
                "type": "string",
                "description_kind": "plain",
                "optional": true,
                "computed": true
              },
              "id": {
                "type": "string",
                "description_kind": "plain",
                "optional": true,
                "computed": true
              },
              "ip_loadbalancing": {
                "type": "string",
                "description_kind": "plain",
                "optional": true,
                "computed": true
              },
              "ipv4": {
                "type": "string",
                "description_kind": "plain",
                "optional": true,
                "computed": true
              },
              "ipv6": {
                "type": "string",
                "description_kind": "plain",
                "optional": true,
                "computed": true
              },
              "metrics_token": {
                "type": "string",
                "description_kind": "plain",
                "computed": true,
                "sensitive": true
              },
              "offer": {
                "type": "string",
                "description_kind": "plain",
                "optional": true,
                "computed": true
              },
              "orderable_zone": {
                "type": [
                  "set",
                  [
                    "object",
                    {
                      "name": "string",
                      "plan_code": "string"
                    }
                  ]
                ],
                "description_kind": "plain",
                "computed": true
              },
              "service_name": {
                "type": "string",
                "description_kind": "plain",
                "optional": true,
                "computed": true
              },
              "ssl_configuration": {
                "type": "string",
                "description_kind": "plain",
                "optional": true,
                "computed": true
              },
              "state": {
                "type": "string",
                "description_kind": "plain",
                "optional": true,
                "computed": true
              },
              "urn": {
                "type": "string",
                "description_kind": "plain",
                "computed": true
              },
              "vrack_eligibility": {
                "type": "bool",
                "description_kind": "plain",
                "optional": true,
                "computed": true
              },
              "vrack_name": {
                "type": "string",
                "description_kind": "plain",
                "optional": true,
                "computed": true
              },
              "zone": {
                "type": [
                  "set",
                  "string"
                ],
                "description_kind": "plain",
                "optional": true,
                "computed": true
              }
            },
            "description_kind": "plain"
          }
        },
        "ovh_iploadbalancing_vrack_network": {
          "version": 0,
          "block": {
            "attributes": {
              "display_name": {
                "type": "string",
                "description": "Human readable name for your vrack network",
                "description_kind": "plain",
                "computed": true
              },
              "id": {
                "type": "string",
                "description_kind": "plain",
                "optional": true,
                "computed": true
              },
              "nat_ip": {
                "type": "string",
                "description": "An IP block used as a pool of IPs by this Load Balancer to connect to the servers in this private network. The blck must be in the private network and reserved for the Load Balancer",
                "description_kind": "plain",
                "computed": true
              },
              "service_name": {
                "type": "string",
                "description": "The internal name of your IPloadbalancer",
                "description_kind": "plain",
                "required": true
              },
              "subnet": {
                "type": "string",
                "description": "IP block of the private network in the vRack",
                "description_kind": "plain",
                "computed": true
              },
              "vlan": {
                "type": "number",
                "description": "VLAN of the private network in the vRack. 0 if the private network is not in a VLAN",
                "description_kind": "plain",
                "computed": true
              },
              "vrack_network_id": {
                "type": "number",
                "description": "Internal Load Balancer identifier of the vRack private network",
                "description_kind": "plain",
                "required": true
              }
            },
            "description_kind": "plain"
          }
        },
        "ovh_iploadbalancing_vrack_networks": {
          "version": 0,
          "block": {
            "attributes": {
              "id": {
                "type": "string",
                "description_kind": "plain",
                "optional": true,
                "computed": true
              },
              "result": {
                "type": [
                  "list",
                  "number"
                ],
                "description_kind": "plain",
                "computed": true
              },
              "service_name": {
                "type": "string",
                "description": "The internal name of your iploadbalancer.",
                "description_kind": "plain",
                "required": true
              },
              "subnet": {
                "type": "string",
                "description": "Filters on subnet",
                "description_kind": "plain",
                "optional": true
              },
              "vlan_id": {
                "type": "number",
                "description": "Filters on vlan id",
                "description_kind": "plain",
                "optional": true
              }
            },
            "description_kind": "plain"
          }
        },
        "ovh_me": {
          "version": 0,
          "block": {
            "attributes": {
              "address": {
                "type": "string",
                "description": "Address of nichandle",
                "description_kind": "plain",
                "computed": true
              },
              "area": {
                "type": "string",
                "description": "Area of nichandle",
                "description_kind": "plain",
                "computed": true
              },
              "birth_city": {
                "type": "string",
                "description": "City of birth",
                "description_kind": "plain",
                "computed": true
              },
              "birth_day": {
                "type": "string",
                "description": "Birth date",
                "description_kind": "plain",
                "computed": true
              },
              "city": {
                "type": "string",
                "description": "City of nichandle",
                "description_kind": "plain",
                "computed": true
              },
              "company_national_identification_number": {
                "type": "string",
                "description": "Company National Identification Number",
                "description_kind": "plain",
                "computed": true
              },
              "corporation_type": {
                "type": "string",
                "description": "Corporation type",
                "description_kind": "plain",
                "computed": true
              },
              "country": {
                "type": "string",
                "description": "Customer country",
                "description_kind": "plain",
                "computed": true
              },
              "currency": {
                "type": [
                  "list",
                  [
                    "object",
                    {
                      "code": "string",
                      "symbol": "string"
                    }
                  ]
                ],
                "description": "Customer currency",
                "description_kind": "plain",
                "computed": true
              },
              "customer_code": {
                "type": "string",
                "description": "Your customer code (a numerical value used for identification when contacting support via phone call)",
                "description_kind": "plain",
                "computed": true
              },
              "email": {
                "type": "string",
                "description": "Email address",
                "description_kind": "plain",
                "computed": true
              },
              "fax": {
                "type": "string",
                "description": "Fax number",
                "description_kind": "plain",
                "computed": true
              },
              "firstname": {
                "type": "string",
                "description": "First name",
                "description_kind": "plain",
                "computed": true
              },
              "id": {
                "type": "string",
                "description_kind": "plain",
                "optional": true,
                "computed": true
              },
              "italian_sdi": {
                "type": "string",
                "description": "Italian SDI",
                "description_kind": "plain",
                "computed": true
              },
              "language": {
                "type": "string",
                "description": "Language",
                "description_kind": "plain",
                "computed": true
              },
              "legalform": {
                "type": "string",
                "description": "Customer legal form",
                "description_kind": "plain",
                "computed": true
              },
              "name": {
                "type": "string",
                "description": "Customer name",
                "description_kind": "plain",
                "computed": true
              },
              "national_identification_number": {
                "type": "string",
                "description": "National Identification Number",
                "description_kind": "plain",
                "computed": true
              },
              "nichandle": {
                "type": "string",
                "description": "Customer identifier",
                "description_kind": "plain",
                "computed": true
              },
              "organisation": {
                "type": "string",
                "description": "Name of organisation",
                "description_kind": "plain",
                "computed": true
              },
              "ovh_company": {
                "type": "string",
                "description": "OVH subsidiary",
                "description_kind": "plain",
                "computed": true
              },
              "ovh_subsidiary": {
                "type": "string",
                "description": "OVH subsidiary",
                "description_kind": "plain",
                "computed": true
              },
              "phone": {
                "type": "string",
                "description": "Phone number",
                "description_kind": "plain",
                "computed": true
              },
              "phone_country": {
                "type": "string",
                "description": "Phone number's country code",
                "description_kind": "plain",
                "computed": true
              },
              "sex": {
                "type": "string",
                "description": "Gender",
                "description_kind": "plain",
                "computed": true
              },
              "spare_email": {
                "type": "string",
                "description": "Spare email",
                "description_kind": "plain",
                "computed": true
              },
              "state": {
                "type": "string",
                "description": "Nichandle state",
                "description_kind": "plain",
                "computed": true
              },
              "urn": {
                "type": "string",
                "description": "Identity URN of the account",
                "description_kind": "plain",
                "computed": true
              },
              "vat": {
                "type": "string",
                "description": "VAT number",
                "description_kind": "plain",
                "computed": true
              },
              "zip": {
                "type": "string",
                "description": "Zipcode",
                "description_kind": "plain",
                "computed": true
              }
            },
            "description_kind": "plain"
          }
        },
        "ovh_me_identity_group": {
          "version": 0,
          "block": {
            "attributes": {
              "creation": {
                "type": "string",
                "description_kind": "plain",
                "computed": true
              },
              "default_group": {
                "type": "bool",
                "description_kind": "plain",
                "computed": true
              },
              "description": {
                "type": "string",
                "description_kind": "plain",
                "computed": true
              },
              "id": {
                "type": "string",
                "description_kind": "plain",
                "optional": true,
                "computed": true
              },
              "last_update": {
                "type": "string",
                "description_kind": "plain",
                "computed": true
              },
              "name": {
                "type": "string",
                "description_kind": "plain",
                "required": true
              },
              "role": {
                "type": "string",
                "description_kind": "plain",
                "computed": true
              }
            },
            "description_kind": "plain"
          }
        },
        "ovh_me_identity_groups": {
          "version": 0,
          "block": {
            "attributes": {
              "groups": {
                "type": [
                  "set",
                  "string"
                ],
                "description_kind": "plain",
                "computed": true
              },
              "id": {
                "type": "string",
                "description_kind": "plain",
                "optional": true,
                "computed": true
              }
            },
            "description_kind": "plain"
          }
        },
        "ovh_me_identity_user": {
          "version": 0,
          "block": {
            "attributes": {
              "creation": {
                "type": "string",
                "description": "Creation date of this user",
                "description_kind": "plain",
                "computed": true
              },
              "description": {
                "type": "string",
                "description": "User description",
                "description_kind": "plain",
                "computed": true
              },
              "email": {
                "type": "string",
                "description": "User's email",
                "description_kind": "plain",
                "computed": true
              },
              "group": {
                "type": "string",
                "description": "User's group",
                "description_kind": "plain",
                "computed": true
              },
              "id": {
                "type": "string",
                "description_kind": "plain",
                "optional": true,
                "computed": true
              },
              "last_update": {
                "type": "string",
                "description": "Last update of this user",
                "description_kind": "plain",
                "computed": true
              },
              "login": {
                "type": "string",
                "description": "User's login suffix",
                "description_kind": "plain",
                "computed": true
              },
              "password_last_update": {
                "type": "string",
                "description": "When the user changed his password for the last time",
                "description_kind": "plain",
                "computed": true
              },
              "status": {
                "type": "string",
                "description": "Current user's status",
                "description_kind": "plain",
                "computed": true
              },
              "urn": {
                "type": "string",
                "description_kind": "plain",
                "computed": true
              },
              "user": {
                "type": "string",
                "description": "User's login",
                "description_kind": "plain",
                "required": true
              }
            },
            "description_kind": "plain"
          }
        },
        "ovh_me_identity_users": {
          "version": 0,
          "block": {
            "attributes": {
              "id": {
                "type": "string",
                "description_kind": "plain",
                "optional": true,
                "computed": true
              },
              "users": {
                "type": [
                  "set",
                  "string"
                ],
                "description_kind": "plain",
                "computed": true
              }
            },
            "description_kind": "plain"
          }
        },
        "ovh_me_installation_template": {
          "version": 0,
          "block": {
            "attributes": {
              "available_languages": {
                "type": [
                  "list",
                  "string"
                ],
                "description": "List of all language available for this template",
                "description_kind": "plain",
                "computed": true
              },
              "beta": {
                "type": "bool",
                "description": "This distribution is new and, although tested and functional, may still display odd behaviour",
                "description_kind": "plain",
                "computed": true
              },
              "bit_format": {
                "type": "number",
                "description": "This template bit format (32 or 64)",
                "description_kind": "plain",
                "computed": true
              },
              "category": {
                "type": "string",
                "description": "Category of this template (informative only). (basic, customer, hosting, other, readyToUse, virtualisation)",
                "description_kind": "plain",
                "computed": true
              },
              "customization": {
                "type": [
                  "list",
                  [
                    "object",
                    {
                      "change_log": "string",
                      "custom_hostname": "string",
                      "post_installation_script_link": "string",
                      "post_installation_script_return": "string",
                      "rating": "number",
                      "ssh_key_name": "string",
                      "use_distribution_kernel": "bool"
                    }
                  ]
                ],
                "description_kind": "plain",
                "computed": true
              },
              "default_language": {
                "type": "string",
                "description": "The default language of this template",
                "description_kind": "plain",
                "computed": true
              },
              "deprecated": {
                "type": "bool",
                "description": "is this distribution deprecated",
                "description_kind": "plain",
                "computed": true
              },
              "description": {
                "type": "string",
                "description": "information about this template",
                "description_kind": "plain",
                "computed": true
              },
              "distribution": {
                "type": "string",
                "description": "the distribution this template is based on",
                "description_kind": "plain",
                "computed": true
              },
              "family": {
                "type": "string",
                "description": "this template family type (bsd,linux,solaris,windows)",
                "description_kind": "plain",
                "computed": true
              },
              "filesystems": {
                "type": [
                  "list",
                  "string"
                ],
                "description": "Filesystems available (btrfs,ext3,ext4,ntfs,reiserfs,swap,ufs,xfs,zfs)",
                "description_kind": "plain",
                "computed": true
              },
              "hard_raid_configuration": {
                "type": "bool",
                "description": "This distribution supports hardware raid configuration through the OVH API",
                "description_kind": "plain",
                "computed": true
              },
              "id": {
                "type": "string",
                "description_kind": "plain",
                "optional": true,
                "computed": true
              },
              "last_modification": {
                "type": "string",
                "description": "Date of last modification of the base image",
                "description_kind": "plain",
                "computed": true
              },
              "lvm_ready": {
                "type": "bool",
                "description": "This distribution supports Logical Volumes (Linux LVM)",
                "description_kind": "plain",
                "computed": true
              },
              "partition_scheme": {
                "type": [
                  "list",
                  [
                    "object",
                    {
                      "hardware_raid": [
                        "list",
                        [
                          "object",
                          {
                            "disks": [
                              "list",
                              "string"
                            ],
                            "mode": "string",
                            "name": "string",
                            "step": "number"
                          }
                        ]
                      ],
                      "name": "string",
                      "partition": [
                        "list",
                        [
                          "object",
                          {
                            "filesystem": "string",
                            "mountpoint": "string",
                            "order": "number",
                            "raid": "string",
                            "size": "number",
                            "type": "string",
                            "volume_name": "string"
                          }
                        ]
                      ],
                      "priority": "number"
                    }
                  ]
                ],
                "description_kind": "plain",
                "computed": true
              },
              "supports_distribution_kernel": {
                "type": "bool",
                "description": "This distribution supports installation using the distribution's native kernel instead of the recommended OVH kernel",
                "description_kind": "plain",
                "computed": true
              },
              "supports_rtm": {
                "type": "bool",
                "description": "This distribution supports RTM software",
                "description_kind": "plain",
                "computed": true
              },
              "supports_sql_server": {
                "type": "bool",
                "description": "This distribution supports the microsoft SQL server",
                "description_kind": "plain",
                "computed": true
              },
              "template_name": {
                "type": "string",
                "description": "This template name",
                "description_kind": "plain",
                "required": true
              }
            },
            "description_kind": "plain"
          }
        },
        "ovh_me_installation_templates": {
          "version": 0,
          "block": {
            "attributes": {
              "id": {
                "type": "string",
                "description_kind": "plain",
                "optional": true,
                "computed": true
              },
              "result": {
                "type": [
                  "list",
                  "string"
                ],
                "description_kind": "plain",
                "computed": true
              }
            },
            "description_kind": "plain"
          }
        },
        "ovh_me_ipxe_script": {
          "version": 0,
          "block": {
            "attributes": {
              "id": {
                "type": "string",
                "description_kind": "plain",
                "optional": true,
                "computed": true
              },
              "name": {
                "type": "string",
                "description": "Name of your script",
                "description_kind": "plain",
                "required": true
              },
              "script": {
                "type": "string",
                "description": "Content of your IPXE script",
                "description_kind": "plain",
                "computed": true
              }
            },
            "description_kind": "plain"
          }
        },
        "ovh_me_ipxe_scripts": {
          "version": 0,
          "block": {
            "attributes": {
              "id": {
                "type": "string",
                "description_kind": "plain",
                "optional": true,
                "computed": true
              },
              "result": {
                "type": [
                  "list",
                  "string"
                ],
                "description_kind": "plain",
                "computed": true
              }
            },
            "description_kind": "plain"
          }
        },
        "ovh_me_paymentmean_bankaccount": {
          "version": 0,
          "block": {
            "attributes": {
              "default": {
                "type": "bool",
                "description_kind": "plain",
                "computed": true
              },
              "description": {
                "type": "string",
                "description_kind": "plain",
                "computed": true
              },
              "description_regexp": {
                "type": "string",
                "description_kind": "plain",
                "optional": true
              },
              "id": {
                "type": "string",
                "description_kind": "plain",
                "optional": true,
                "computed": true
              },
              "state": {
                "type": "string",
                "description_kind": "plain",
                "optional": true,
                "computed": true
              },
              "use_default": {
                "type": "bool",
                "description_kind": "plain",
                "optional": true
              },
              "use_oldest": {
                "type": "bool",
                "description_kind": "plain",
                "optional": true
              }
            },
            "description_kind": "plain",
            "deprecated": true
          }
        },
        "ovh_me_paymentmean_creditcard": {
          "version": 0,
          "block": {
            "attributes": {
              "default": {
                "type": "bool",
                "description_kind": "plain",
                "computed": true
              },
              "description": {
                "type": "string",
                "description_kind": "plain",
                "computed": true
              },
              "description_regexp": {
                "type": "string",
                "description_kind": "plain",
                "optional": true
              },
              "id": {
                "type": "string",
                "description_kind": "plain",
                "optional": true,
                "computed": true
              },
              "state": {
                "type": "string",
                "description_kind": "plain",
                "computed": true
              },
              "states": {
                "type": [
                  "set",
                  "string"
                ],
                "description_kind": "plain",
                "optional": true
              },
              "use_default": {
                "type": "bool",
                "description_kind": "plain",
                "optional": true
              },
              "use_last_to_expire": {
                "type": "bool",
                "description_kind": "plain",
                "optional": true
              }
            },
            "description_kind": "plain",
            "deprecated": true
          }
        },
        "ovh_me_ssh_key": {
          "version": 0,
          "block": {
            "attributes": {
              "default": {
                "type": "bool",
                "description": "True when this public Ssh key is used for rescue mode and reinstallations",
                "description_kind": "plain",
                "computed": true
              },
              "id": {
                "type": "string",
                "description_kind": "plain",
                "optional": true,
                "computed": true
              },
              "key": {
                "type": "string",
                "description": "ASCII encoded public Ssh key",
                "description_kind": "plain",
                "computed": true
              },
              "key_name": {
                "type": "string",
                "description": "Name of this public Ssh key",
                "description_kind": "plain",
                "required": true
              }
            },
            "description_kind": "plain"
          }
        },
        "ovh_me_ssh_keys": {
          "version": 0,
          "block": {
            "attributes": {
              "id": {
                "type": "string",
                "description_kind": "plain",
                "optional": true,
                "computed": true
              },
              "names": {
                "type": [
                  "set",
                  "string"
                ],
                "description_kind": "plain",
                "computed": true
              }
            },
            "description_kind": "plain"
          }
        },
        "ovh_order_cart": {
          "version": 0,
          "block": {
            "attributes": {
              "assign": {
                "type": "bool",
                "description": "Assign a shopping cart to a logged in client",
                "description_kind": "plain",
                "optional": true
              },
              "cart_id": {
                "type": "string",
                "description": "Cart identifier",
                "description_kind": "plain",
                "computed": true
              },
              "description": {
                "type": "string",
                "description": "Description of your cart",
                "description_kind": "plain",
                "optional": true
              },
              "expire": {
                "type": "string",
                "description": "Expiration time (format: 2006-01-02T15:04:05Z07:00)",
                "description_kind": "plain",
                "optional": true,
                "computed": true
              },
              "id": {
                "type": "string",
                "description_kind": "plain",
                "optional": true,
                "computed": true
              },
              "items": {
                "type": [
                  "list",
                  "number"
                ],
                "description": "Items of your cart",
                "description_kind": "plain",
                "computed": true
              },
              "ovh_subsidiary": {
                "type": "string",
                "description": "Ovh Subsidiary",
                "description_kind": "plain",
                "required": true
              },
              "read_only": {
                "type": "bool",
                "description": "Indicates if the cart has already been validated",
                "description_kind": "plain",
                "computed": true
              }
            },
            "description_kind": "plain"
          }
        },
        "ovh_order_cart_product": {
          "version": 0,
          "block": {
            "attributes": {
              "cart_id": {
                "type": "string",
                "description_kind": "plain",
                "required": true
              },
              "id": {
                "type": "string",
                "description_kind": "plain",
                "optional": true,
                "computed": true
              },
              "product": {
                "type": "string",
                "description": "Product",
                "description_kind": "plain",
                "required": true
              },
              "result": {
                "type": [
                  "list",
                  [
                    "object",
                    {
                      "plan_code": "string",
                      "prices": [
                        "list",
                        [
                          "object",
                          {
                            "capacities": [
                              "list",
                              "string"
                            ],
                            "description": "string",
                            "duration": "string",
                            "interval": "number",
                            "maximum_quantity": "number",
                            "maximum_repeat": "number",
                            "minimum_quantity": "number",
                            "minimum_repeat": "number",
                            "price": [
                              "list",
                              [
                                "object",
                                {
                                  "currency_code": "string",
                                  "text": "string",
                                  "value": "number"
                                }
                              ]
                            ],
                            "price_in_ucents": "number",
                            "pricing_mode": "string",
                            "pricing_type": "string"
                          }
                        ]
                      ],
                      "product_name": "string",
                      "product_type": "string"
                    }
                  ]
                ],
                "description": "List of representations of a generic product",
                "description_kind": "plain",
                "computed": true
              }
            },
            "description_kind": "plain"
          }
        },
        "ovh_order_cart_product_options": {
          "version": 0,
          "block": {
            "attributes": {
              "cart_id": {
                "type": "string",
                "description_kind": "plain",
                "required": true
              },
              "catalog_name": {
                "type": "string",
                "description": "Catalog name",
                "description_kind": "plain",
                "optional": true
              },
              "id": {
                "type": "string",
                "description_kind": "plain",
                "optional": true,
                "computed": true
              },
              "plan_code": {
                "type": "string",
                "description": "Product offer identifier",
                "description_kind": "plain",
                "required": true
              },
              "product": {
                "type": "string",
                "description": "Product",
                "description_kind": "plain",
                "required": true
              },
              "result": {
                "type": [
                  "list",
                  [
                    "object",
                    {
                      "exclusive": "bool",
                      "family": "string",
                      "mandatory": "bool",
                      "plan_code": "string",
                      "prices": [
                        "list",
                        [
                          "object",
                          {
                            "capacities": [
                              "list",
                              "string"
                            ],
                            "description": "string",
                            "duration": "string",
                            "interval": "number",
                            "maximum_quantity": "number",
                            "maximum_repeat": "number",
                            "minimum_quantity": "number",
                            "minimum_repeat": "number",
                            "price": [
                              "list",
                              [
                                "object",
                                {
                                  "currency_code": "string",
                                  "text": "string",
                                  "value": "number"
                                }
                              ]
                            ],
                            "price_in_ucents": "number",
                            "pricing_mode": "string",
                            "pricing_type": "string"
                          }
                        ]
                      ],
                      "product_name": "string",
                      "product_type": "string"
                    }
                  ]
                ],
                "description": "List of representations of a generic product",
                "description_kind": "plain",
                "computed": true
              }
            },
            "description_kind": "plain"
          }
        },
        "ovh_order_cart_product_options_plan": {
          "version": 0,
          "block": {
            "attributes": {
              "cart_id": {
                "type": "string",
                "description_kind": "plain",
                "required": true
              },
              "catalog_name": {
                "type": "string",
                "description": "Catalog name",
                "description_kind": "plain",
                "optional": true
              },
              "exclusive": {
                "type": "bool",
                "description": "Define if options of this family are exclusive with each other",
                "description_kind": "plain",
                "computed": true
              },
              "family": {
                "type": "string",
                "description": "Option family",
                "description_kind": "plain",
                "computed": true
              },
              "id": {
                "type": "string",
                "description_kind": "plain",
                "optional": true,
                "computed": true
              },
              "mandatory": {
                "type": "bool",
                "description": "Define if an option of this family is mandatory",
                "description_kind": "plain",
                "computed": true
              },
              "options_plan_code": {
                "type": "string",
                "description_kind": "plain",
                "required": true
              },
              "plan_code": {
                "type": "string",
                "description_kind": "plain",
                "required": true
              },
              "price_capacity": {
                "type": "string",
                "description": "Capacity of the pricing (type of pricing)",
                "description_kind": "plain",
                "required": true
              },
              "prices": {
                "type": [
                  "list",
                  [
                    "object",
                    {
                      "capacities": [
                        "list",
                        "string"
                      ],
                      "description": "string",
                      "duration": "string",
                      "interval": "number",
                      "maximum_quantity": "number",
                      "maximum_repeat": "number",
                      "minimum_quantity": "number",
                      "minimum_repeat": "number",
                      "price": [
                        "list",
                        [
                          "object",
                          {
                            "currency_code": "string",
                            "text": "string",
                            "value": "number"
                          }
                        ]
                      ],
                      "price_in_ucents": "number",
                      "pricing_mode": "string",
                      "pricing_type": "string"
                    }
                  ]
                ],
                "description": "Prices of the product offer",
                "description_kind": "plain",
                "computed": true
              },
              "product": {
                "type": "string",
                "description": "Product",
                "description_kind": "plain",
                "required": true
              },
              "product_name": {
                "type": "string",
                "description": "Name of the product",
                "description_kind": "plain",
                "computed": true
              },
              "product_type": {
                "type": "string",
                "description": "Product type",
                "description_kind": "plain",
                "computed": true
              },
              "selected_price": {
                "type": [
                  "list",
                  [
                    "object",
                    {
                      "capacities": [
                        "list",
                        "string"
                      ],
                      "description": "string",
                      "duration": "string",
                      "interval": "number",
                      "maximum_quantity": "number",
                      "maximum_repeat": "number",
                      "minimum_quantity": "number",
                      "minimum_repeat": "number",
                      "price": [
                        "list",
                        [
                          "object",
                          {
                            "currency_code": "string",
                            "text": "string",
                            "value": "number"
                          }
                        ]
                      ],
                      "price_in_ucents": "number",
                      "pricing_mode": "string",
                      "pricing_type": "string"
                    }
                  ]
                ],
                "description": "Selected Price according to capacity",
                "description_kind": "plain",
                "computed": true
              }
            },
            "description_kind": "plain"
          }
        },
        "ovh_order_cart_product_plan": {
          "version": 0,
          "block": {
            "attributes": {
              "cart_id": {
                "type": "string",
                "description_kind": "plain",
                "required": true
              },
              "catalog_name": {
                "type": "string",
                "description": "Catalog name",
                "description_kind": "plain",
                "optional": true
              },
              "id": {
                "type": "string",
                "description_kind": "plain",
                "optional": true,
                "computed": true
              },
              "plan_code": {
                "type": "string",
                "description_kind": "plain",
                "required": true
              },
              "price_capacity": {
                "type": "string",
                "description": "Capacity of the pricing (type of pricing)",
                "description_kind": "plain",
                "required": true
              },
              "prices": {
                "type": [
                  "list",
                  [
                    "object",
                    {
                      "capacities": [
                        "list",
                        "string"
                      ],
                      "description": "string",
                      "duration": "string",
                      "interval": "number",
                      "maximum_quantity": "number",
                      "maximum_repeat": "number",
                      "minimum_quantity": "number",
                      "minimum_repeat": "number",
                      "price": [
                        "list",
                        [
                          "object",
                          {
                            "currency_code": "string",
                            "text": "string",
                            "value": "number"
                          }
                        ]
                      ],
                      "price_in_ucents": "number",
                      "pricing_mode": "string",
                      "pricing_type": "string"
                    }
                  ]
                ],
                "description": "Prices of the product offer",
                "description_kind": "plain",
                "computed": true
              },
              "product": {
                "type": "string",
                "description": "Product",
                "description_kind": "plain",
                "required": true
              },
              "product_name": {
                "type": "string",
                "description": "Name of the product",
                "description_kind": "plain",
                "computed": true
              },
              "product_type": {
                "type": "string",
                "description": "Product type",
                "description_kind": "plain",
                "computed": true
              },
              "selected_price": {
                "type": [
                  "list",
                  [
                    "object",
                    {
                      "capacities": [
                        "list",
                        "string"
                      ],
                      "description": "string",
                      "duration": "string",
                      "interval": "number",
                      "maximum_quantity": "number",
                      "maximum_repeat": "number",
                      "minimum_quantity": "number",
                      "minimum_repeat": "number",
                      "price": [
                        "list",
                        [
                          "object",
                          {
                            "currency_code": "string",
                            "text": "string",
                            "value": "number"
                          }
                        ]
                      ],
                      "price_in_ucents": "number",
                      "pricing_mode": "string",
                      "pricing_type": "string"
                    }
                  ]
                ],
                "description": "Selected Price according to capacity",
                "description_kind": "plain",
                "computed": true
              }
            },
            "description_kind": "plain"
          }
        },
        "ovh_vps": {
          "version": 0,
          "block": {
            "attributes": {
              "cluster": {
                "type": "string",
                "description_kind": "plain",
                "computed": true
              },
              "datacenter": {
                "type": [
                  "map",
                  "string"
                ],
                "description_kind": "plain",
                "computed": true
              },
              "displayname": {
                "type": "string",
                "description_kind": "plain",
                "computed": true
              },
              "id": {
                "type": "string",
                "description_kind": "plain",
                "optional": true,
                "computed": true
              },
              "ips": {
                "type": [
                  "set",
                  "string"
                ],
                "description_kind": "plain",
                "computed": true
              },
              "keymap": {
                "type": "string",
                "description_kind": "plain",
                "computed": true
              },
              "memory": {
                "type": "number",
                "description_kind": "plain",
                "computed": true
              },
              "model": {
                "type": [
                  "map",
                  "string"
                ],
                "description_kind": "plain",
                "computed": true
              },
              "name": {
                "type": "string",
                "description_kind": "plain",
                "computed": true
              },
              "netbootmode": {
                "type": "string",
                "description_kind": "plain",
                "computed": true
              },
              "offertype": {
                "type": "string",
                "description_kind": "plain",
                "computed": true
              },
              "service_name": {
                "type": "string",
                "description_kind": "plain",
                "required": true
              },
              "slamonitoring": {
                "type": "bool",
                "description_kind": "plain",
                "computed": true
              },
              "state": {
                "type": "string",
                "description_kind": "plain",
                "computed": true
              },
              "type": {
                "type": "string",
                "description_kind": "plain",
                "computed": true
              },
              "urn": {
                "type": "string",
                "description_kind": "plain",
                "computed": true
              },
              "vcore": {
                "type": "number",
                "description_kind": "plain",
                "computed": true
              },
              "zone": {
                "type": "string",
                "description_kind": "plain",
                "computed": true
              }
            },
            "description_kind": "plain"
          }
        },
        "ovh_vpss": {
          "version": 0,
          "block": {
            "attributes": {
              "id": {
                "type": "string",
                "description_kind": "plain",
                "optional": true,
                "computed": true
              },
              "result": {
                "type": [
                  "list",
                  "string"
                ],
                "description_kind": "plain",
                "computed": true
              }
            },
            "description_kind": "plain"
          }
        },
        "ovh_vracks": {
          "version": 0,
          "block": {
            "attributes": {
              "id": {
                "type": "string",
                "description_kind": "plain",
                "optional": true,
                "computed": true
              },
              "result": {
                "type": [
                  "list",
                  "string"
                ],
                "description_kind": "plain",
                "computed": true
              }
            },
            "description_kind": "plain"
          }
        }
      }
    }
  }
}
