{
  "format_version": "1.0",
  "provider_schemas": {
    "registry.terraform.io/pagerduty/pagerduty": {
      "provider": {
        "version": 0,
        "block": {
          "attributes": {
            "api_url_override": {
              "type": "string",
              "description_kind": "plain",
              "optional": true
            },
            "service_region": {
              "type": "string",
              "description_kind": "plain",
              "optional": true
            },
            "skip_credentials_validation": {
              "type": "bool",
              "description_kind": "plain",
              "optional": true
            },
            "token": {
              "type": "string",
              "description_kind": "plain",
              "required": true
            },
            "user_token": {
              "type": "string",
              "description_kind": "plain",
              "optional": true
            }
          },
          "description_kind": "plain"
        }
      },
      "resource_schemas": {
        "pagerduty_addon": {
          "version": 0,
          "block": {
            "attributes": {
              "id": {
                "type": "string",
                "description_kind": "plain",
                "optional": true,
                "computed": true
              },
              "name": {
                "type": "string",
                "description_kind": "plain",
                "required": true
              },
              "src": {
                "type": "string",
                "description_kind": "plain",
                "required": true
              }
            },
            "description_kind": "plain"
          }
        },
        "pagerduty_automation_actions_action": {
          "version": 0,
          "block": {
            "attributes": {
              "action_classification": {
                "type": "string",
                "description_kind": "plain",
                "optional": true
              },
              "action_type": {
                "type": "string",
                "description_kind": "plain",
                "required": true
              },
              "creation_time": {
                "type": "string",
                "description_kind": "plain",
                "optional": true,
                "computed": true
              },
              "description": {
                "type": "string",
                "description_kind": "plain",
                "optional": true
              },
              "id": {
                "type": "string",
                "description_kind": "plain",
                "optional": true,
                "computed": true
              },
              "modify_time": {
                "type": "string",
                "description_kind": "plain",
                "optional": true,
                "computed": true
              },
              "name": {
                "type": "string",
                "description_kind": "plain",
                "required": true
              },
              "runner_id": {
                "type": "string",
                "description_kind": "plain",
                "optional": true
              },
              "runner_type": {
                "type": "string",
                "description_kind": "plain",
                "optional": true,
                "computed": true
              },
              "type": {
                "type": "string",
                "description_kind": "plain",
                "optional": true,
                "computed": true
              }
            },
            "block_types": {
              "action_data_reference": {
                "nesting_mode": "list",
                "block": {
                  "attributes": {
                    "invocation_command": {
                      "type": "string",
                      "description_kind": "plain",
                      "optional": true
                    },
                    "process_automation_job_arguments": {
                      "type": "string",
                      "description_kind": "plain",
                      "optional": true
                    },
                    "process_automation_job_id": {
                      "type": "string",
                      "description_kind": "plain",
                      "optional": true
                    },
                    "process_automation_node_filter": {
                      "type": "string",
                      "description_kind": "plain",
                      "optional": true
                    },
                    "script": {
                      "type": "string",
                      "description_kind": "plain",
                      "optional": true
                    }
                  },
                  "description_kind": "plain"
                },
                "min_items": 1,
                "max_items": 1
              }
            },
            "description_kind": "plain"
          }
        },
        "pagerduty_automation_actions_action_service_association": {
          "version": 0,
          "block": {
            "attributes": {
              "action_id": {
                "type": "string",
                "description_kind": "plain",
                "required": true
              },
              "id": {
                "type": "string",
                "description_kind": "plain",
                "optional": true,
                "computed": true
              },
              "service_id": {
                "type": "string",
                "description_kind": "plain",
                "required": true
              }
            },
            "description_kind": "plain"
          }
        },
        "pagerduty_automation_actions_action_team_association": {
          "version": 0,
          "block": {
            "attributes": {
              "action_id": {
                "type": "string",
                "description_kind": "plain",
                "required": true
              },
              "id": {
                "type": "string",
                "description_kind": "plain",
                "optional": true,
                "computed": true
              },
              "team_id": {
                "type": "string",
                "description_kind": "plain",
                "required": true
              }
            },
            "description_kind": "plain"
          }
        },
        "pagerduty_automation_actions_runner": {
          "version": 0,
          "block": {
            "attributes": {
              "creation_time": {
                "type": "string",
                "description_kind": "plain",
                "computed": true
              },
              "description": {
                "type": "string",
                "description_kind": "plain",
                "optional": true
              },
              "id": {
                "type": "string",
                "description_kind": "plain",
                "optional": true,
                "computed": true
              },
              "last_seen": {
                "type": "string",
                "description_kind": "plain",
                "optional": true,
                "computed": true
              },
              "name": {
                "type": "string",
                "description_kind": "plain",
                "required": true
              },
              "runbook_api_key": {
                "type": "string",
                "description_kind": "plain",
                "optional": true,
                "sensitive": true
              },
              "runbook_base_uri": {
                "type": "string",
                "description_kind": "plain",
                "optional": true
              },
              "runner_type": {
                "type": "string",
                "description_kind": "plain",
                "required": true
              },
              "type": {
                "type": "string",
                "description_kind": "plain",
                "computed": true
              }
            },
            "description_kind": "plain"
          }
        },
        "pagerduty_automation_actions_runner_team_association": {
          "version": 0,
          "block": {
            "attributes": {
              "id": {
                "type": "string",
                "description_kind": "plain",
                "optional": true,
                "computed": true
              },
              "runner_id": {
                "type": "string",
                "description_kind": "plain",
                "required": true
              },
              "team_id": {
                "type": "string",
                "description_kind": "plain",
                "required": true
              }
            },
            "description_kind": "plain"
          }
        },
        "pagerduty_business_service": {
          "version": 0,
          "block": {
            "attributes": {
              "description": {
                "type": "string",
                "description_kind": "plain",
                "optional": true
              },
              "html_url": {
                "type": "string",
                "description_kind": "plain",
                "computed": true
              },
              "id": {
                "type": "string",
                "description_kind": "plain",
                "optional": true,
                "computed": true
              },
              "name": {
                "type": "string",
                "description_kind": "plain",
                "required": true
              },
              "point_of_contact": {
                "type": "string",
                "description_kind": "plain",
                "optional": true
              },
              "self": {
                "type": "string",
                "description_kind": "plain",
                "computed": true
              },
              "summary": {
                "type": "string",
                "description_kind": "plain",
                "computed": true
              },
              "team": {
                "type": "string",
                "description_kind": "plain",
                "optional": true
              },
              "type": {
                "type": "string",
                "description_kind": "plain",
                "deprecated": true,
                "optional": true
              }
            },
            "description_kind": "plain"
          }
        },
        "pagerduty_business_service_subscriber": {
          "version": 0,
          "block": {
            "attributes": {
              "business_service_id": {
                "type": "string",
                "description_kind": "plain",
                "required": true
              },
              "id": {
                "type": "string",
                "description_kind": "plain",
                "optional": true,
                "computed": true
              },
              "subscriber_id": {
                "type": "string",
                "description_kind": "plain",
                "required": true
              },
              "subscriber_type": {
                "type": "string",
                "description_kind": "plain",
                "required": true
              }
            },
            "description_kind": "plain"
          }
        },
        "pagerduty_custom_field": {
          "version": 0,
          "block": {
            "attributes": {
              "datatype": {
                "type": "string",
                "description_kind": "plain",
                "required": true
              },
              "description": {
                "type": "string",
                "description_kind": "plain",
                "optional": true
              },
              "display_name": {
                "type": "string",
                "description_kind": "plain",
                "required": true
              },
              "fixed_options": {
                "type": "bool",
                "description_kind": "plain",
                "optional": true
              },
              "id": {
                "type": "string",
                "description_kind": "plain",
                "optional": true,
                "computed": true
              },
              "multi_value": {
                "type": "bool",
                "description_kind": "plain",
                "optional": true
              },
              "name": {
                "type": "string",
                "description_kind": "plain",
                "required": true
              }
            },
            "description_kind": "plain"
          }
        },
        "pagerduty_custom_field_option": {
          "version": 0,
          "block": {
            "attributes": {
              "datatype": {
                "type": "string",
                "description_kind": "plain",
                "required": true
              },
              "field": {
                "type": "string",
                "description_kind": "plain",
                "required": true
              },
              "id": {
                "type": "string",
                "description_kind": "plain",
                "optional": true,
                "computed": true
              },
              "value": {
                "type": "string",
                "description_kind": "plain",
                "required": true
              }
            },
            "description_kind": "plain"
          }
        },
        "pagerduty_custom_field_schema": {
          "version": 0,
          "block": {
            "attributes": {
              "description": {
                "type": "string",
                "description_kind": "plain",
                "optional": true
              },
              "id": {
                "type": "string",
                "description_kind": "plain",
                "optional": true,
                "computed": true
              },
              "title": {
                "type": "string",
                "description_kind": "plain",
                "required": true
              }
            },
            "description_kind": "plain"
          }
        },
        "pagerduty_custom_field_schema_assignment": {
          "version": 0,
          "block": {
            "attributes": {
              "id": {
                "type": "string",
                "description_kind": "plain",
                "optional": true,
                "computed": true
              },
              "schema": {
                "type": "string",
                "description_kind": "plain",
                "required": true
              },
              "service": {
                "type": "string",
                "description_kind": "plain",
                "required": true
              }
            },
            "description_kind": "plain"
          }
        },
        "pagerduty_custom_field_schema_field_configuration": {
          "version": 0,
          "block": {
            "attributes": {
              "default_value": {
                "type": "string",
                "description_kind": "plain",
                "optional": true
              },
              "default_value_datatype": {
                "type": "string",
                "description_kind": "plain",
                "optional": true
              },
              "default_value_multi_value": {
                "type": "bool",
                "description_kind": "plain",
                "optional": true
              },
              "field": {
                "type": "string",
                "description_kind": "plain",
                "required": true
              },
              "id": {
                "type": "string",
                "description_kind": "plain",
                "optional": true,
                "computed": true
              },
              "required": {
                "type": "bool",
                "description_kind": "plain",
                "optional": true
              },
              "schema": {
                "type": "string",
                "description_kind": "plain",
                "required": true
              }
            },
            "description_kind": "plain"
          }
        },
        "pagerduty_escalation_policy": {
          "version": 0,
          "block": {
            "attributes": {
              "description": {
                "type": "string",
                "description_kind": "plain",
                "optional": true
              },
              "id": {
                "type": "string",
                "description_kind": "plain",
                "optional": true,
                "computed": true
              },
              "name": {
                "type": "string",
                "description_kind": "plain",
                "required": true
              },
              "num_loops": {
                "type": "number",
                "description_kind": "plain",
                "optional": true
              },
              "teams": {
                "type": [
                  "list",
                  "string"
                ],
                "description_kind": "plain",
                "optional": true
              }
            },
            "block_types": {
              "rule": {
                "nesting_mode": "list",
                "block": {
                  "attributes": {
                    "escalation_delay_in_minutes": {
                      "type": "number",
                      "description_kind": "plain",
                      "required": true
                    },
                    "id": {
                      "type": "string",
                      "description_kind": "plain",
                      "computed": true
                    }
                  },
                  "block_types": {
                    "target": {
                      "nesting_mode": "list",
                      "block": {
                        "attributes": {
                          "id": {
                            "type": "string",
                            "description_kind": "plain",
                            "required": true
                          },
                          "type": {
                            "type": "string",
                            "description_kind": "plain",
                            "optional": true
                          }
                        },
                        "description_kind": "plain"
                      },
                      "min_items": 1
                    }
                  },
                  "description_kind": "plain"
                },
                "min_items": 1
              }
            },
            "description_kind": "plain"
          }
        },
        "pagerduty_event_orchestration": {
          "version": 0,
          "block": {
            "attributes": {
              "description": {
                "type": "string",
                "description_kind": "plain",
                "optional": true
              },
              "id": {
                "type": "string",
                "description_kind": "plain",
                "optional": true,
                "computed": true
              },
              "name": {
                "type": "string",
                "description_kind": "plain",
                "required": true
              },
              "routes": {
                "type": "number",
                "description_kind": "plain",
                "computed": true
              },
              "team": {
                "type": "string",
                "description_kind": "plain",
                "optional": true
              }
            },
            "block_types": {
              "integration": {
                "nesting_mode": "list",
                "block": {
                  "attributes": {
                    "id": {
                      "type": "string",
                      "description_kind": "plain",
                      "computed": true
                    },
                    "parameters": {
                      "type": [
                        "list",
                        [
                          "object",
                          {
                            "routing_key": "string",
                            "type": "string"
                          }
                        ]
                      ],
                      "description_kind": "plain",
                      "computed": true
                    }
                  },
                  "description_kind": "plain"
                }
              }
            },
            "description_kind": "plain"
          }
        },
        "pagerduty_event_orchestration_router": {
          "version": 0,
          "block": {
            "attributes": {
              "event_orchestration": {
                "type": "string",
                "description_kind": "plain",
                "required": true
              },
              "id": {
                "type": "string",
                "description_kind": "plain",
                "optional": true,
                "computed": true
              }
            },
            "block_types": {
              "catch_all": {
                "nesting_mode": "list",
                "block": {
                  "block_types": {
                    "actions": {
                      "nesting_mode": "list",
                      "block": {
                        "attributes": {
                          "route_to": {
                            "type": "string",
                            "description_kind": "plain",
                            "required": true
                          }
                        },
                        "description_kind": "plain"
                      },
                      "min_items": 1,
                      "max_items": 1
                    }
                  },
                  "description_kind": "plain"
                },
                "min_items": 1,
                "max_items": 1
              },
              "set": {
                "nesting_mode": "list",
                "block": {
                  "attributes": {
                    "id": {
                      "type": "string",
                      "description_kind": "plain",
                      "required": true
                    }
                  },
                  "block_types": {
                    "rule": {
                      "nesting_mode": "list",
                      "block": {
                        "attributes": {
                          "disabled": {
                            "type": "bool",
                            "description_kind": "plain",
                            "optional": true
                          },
                          "id": {
                            "type": "string",
                            "description_kind": "plain",
                            "computed": true
                          },
                          "label": {
                            "type": "string",
                            "description_kind": "plain",
                            "optional": true
                          }
                        },
                        "block_types": {
                          "actions": {
                            "nesting_mode": "list",
                            "block": {
                              "attributes": {
                                "route_to": {
                                  "type": "string",
                                  "description_kind": "plain",
                                  "required": true
                                }
                              },
                              "description_kind": "plain"
                            },
                            "min_items": 1,
                            "max_items": 1
                          },
                          "condition": {
                            "nesting_mode": "list",
                            "block": {
                              "attributes": {
                                "expression": {
                                  "type": "string",
                                  "description_kind": "plain",
                                  "required": true
                                }
                              },
                              "description_kind": "plain"
                            }
                          }
                        },
                        "description_kind": "plain"
                      }
                    }
                  },
                  "description_kind": "plain"
                },
                "min_items": 1,
                "max_items": 1
              }
            },
            "description_kind": "plain"
          }
        },
        "pagerduty_event_orchestration_service": {
          "version": 0,
          "block": {
            "attributes": {
              "enable_event_orchestration_for_service": {
                "type": "bool",
                "description_kind": "plain",
                "optional": true
              },
              "id": {
                "type": "string",
                "description_kind": "plain",
                "optional": true,
                "computed": true
              },
              "service": {
                "type": "string",
                "description_kind": "plain",
                "required": true
              }
            },
            "block_types": {
              "catch_all": {
                "nesting_mode": "list",
                "block": {
                  "block_types": {
                    "actions": {
                      "nesting_mode": "list",
                      "block": {
                        "attributes": {
                          "annotate": {
                            "type": "string",
                            "description_kind": "plain",
                            "optional": true
                          },
                          "event_action": {
                            "type": "string",
                            "description_kind": "plain",
                            "optional": true
                          },
                          "priority": {
                            "type": "string",
                            "description_kind": "plain",
                            "optional": true
                          },
                          "route_to": {
                            "type": "string",
                            "description_kind": "plain",
                            "optional": true
                          },
                          "severity": {
                            "type": "string",
                            "description_kind": "plain",
                            "optional": true
                          },
                          "suppress": {
                            "type": "bool",
                            "description_kind": "plain",
                            "optional": true
                          },
                          "suspend": {
                            "type": "number",
                            "description_kind": "plain",
                            "optional": true
                          }
                        },
                        "block_types": {
                          "automation_action": {
                            "nesting_mode": "list",
                            "block": {
                              "attributes": {
                                "auto_send": {
                                  "type": "bool",
                                  "description_kind": "plain",
                                  "optional": true
                                },
                                "name": {
                                  "type": "string",
                                  "description_kind": "plain",
                                  "required": true
                                },
                                "url": {
                                  "type": "string",
                                  "description_kind": "plain",
                                  "required": true
                                }
                              },
                              "block_types": {
                                "header": {
                                  "nesting_mode": "list",
                                  "block": {
                                    "attributes": {
                                      "key": {
                                        "type": "string",
                                        "description_kind": "plain",
                                        "required": true
                                      },
                                      "value": {
                                        "type": "string",
                                        "description_kind": "plain",
                                        "required": true
                                      }
                                    },
                                    "description_kind": "plain"
                                  }
                                },
                                "parameter": {
                                  "nesting_mode": "list",
                                  "block": {
                                    "attributes": {
                                      "key": {
                                        "type": "string",
                                        "description_kind": "plain",
                                        "required": true
                                      },
                                      "value": {
                                        "type": "string",
                                        "description_kind": "plain",
                                        "required": true
                                      }
                                    },
                                    "description_kind": "plain"
                                  }
                                }
                              },
                              "description_kind": "plain"
                            },
                            "max_items": 1
                          },
                          "extraction": {
                            "nesting_mode": "list",
                            "block": {
                              "attributes": {
                                "regex": {
                                  "type": "string",
                                  "description_kind": "plain",
                                  "optional": true
                                },
                                "source": {
                                  "type": "string",
                                  "description_kind": "plain",
                                  "optional": true
                                },
                                "target": {
                                  "type": "string",
                                  "description_kind": "plain",
                                  "required": true
                                },
                                "template": {
                                  "type": "string",
                                  "description_kind": "plain",
                                  "optional": true
                                }
                              },
                              "description_kind": "plain"
                            }
                          },
                          "pagerduty_automation_action": {
                            "nesting_mode": "list",
                            "block": {
                              "attributes": {
                                "action_id": {
                                  "type": "string",
                                  "description_kind": "plain",
                                  "required": true
                                }
                              },
                              "description_kind": "plain"
                            },
                            "max_items": 1
                          },
                          "variable": {
                            "nesting_mode": "list",
                            "block": {
                              "attributes": {
                                "name": {
                                  "type": "string",
                                  "description_kind": "plain",
                                  "required": true
                                },
                                "path": {
                                  "type": "string",
                                  "description_kind": "plain",
                                  "required": true
                                },
                                "type": {
                                  "type": "string",
                                  "description_kind": "plain",
                                  "required": true
                                },
                                "value": {
                                  "type": "string",
                                  "description_kind": "plain",
                                  "required": true
                                }
                              },
                              "description_kind": "plain"
                            }
                          }
                        },
                        "description_kind": "plain"
                      },
                      "min_items": 1,
                      "max_items": 1
                    }
                  },
                  "description_kind": "plain"
                },
                "min_items": 1,
                "max_items": 1
              },
              "set": {
                "nesting_mode": "list",
                "block": {
                  "attributes": {
                    "id": {
                      "type": "string",
                      "description_kind": "plain",
                      "required": true
                    }
                  },
                  "block_types": {
                    "rule": {
                      "nesting_mode": "list",
                      "block": {
                        "attributes": {
                          "disabled": {
                            "type": "bool",
                            "description_kind": "plain",
                            "optional": true
                          },
                          "id": {
                            "type": "string",
                            "description_kind": "plain",
                            "computed": true
                          },
                          "label": {
                            "type": "string",
                            "description_kind": "plain",
                            "optional": true
                          }
                        },
                        "block_types": {
                          "actions": {
                            "nesting_mode": "list",
                            "block": {
                              "attributes": {
                                "annotate": {
                                  "type": "string",
                                  "description_kind": "plain",
                                  "optional": true
                                },
                                "event_action": {
                                  "type": "string",
                                  "description_kind": "plain",
                                  "optional": true
                                },
                                "priority": {
                                  "type": "string",
                                  "description_kind": "plain",
                                  "optional": true
                                },
                                "route_to": {
                                  "type": "string",
                                  "description_kind": "plain",
                                  "optional": true
                                },
                                "severity": {
                                  "type": "string",
                                  "description_kind": "plain",
                                  "optional": true
                                },
                                "suppress": {
                                  "type": "bool",
                                  "description_kind": "plain",
                                  "optional": true
                                },
                                "suspend": {
                                  "type": "number",
                                  "description_kind": "plain",
                                  "optional": true
                                }
                              },
                              "block_types": {
                                "automation_action": {
                                  "nesting_mode": "list",
                                  "block": {
                                    "attributes": {
                                      "auto_send": {
                                        "type": "bool",
                                        "description_kind": "plain",
                                        "optional": true
                                      },
                                      "name": {
                                        "type": "string",
                                        "description_kind": "plain",
                                        "required": true
                                      },
                                      "url": {
                                        "type": "string",
                                        "description_kind": "plain",
                                        "required": true
                                      }
                                    },
                                    "block_types": {
                                      "header": {
                                        "nesting_mode": "list",
                                        "block": {
                                          "attributes": {
                                            "key": {
                                              "type": "string",
                                              "description_kind": "plain",
                                              "required": true
                                            },
                                            "value": {
                                              "type": "string",
                                              "description_kind": "plain",
                                              "required": true
                                            }
                                          },
                                          "description_kind": "plain"
                                        }
                                      },
                                      "parameter": {
                                        "nesting_mode": "list",
                                        "block": {
                                          "attributes": {
                                            "key": {
                                              "type": "string",
                                              "description_kind": "plain",
                                              "required": true
                                            },
                                            "value": {
                                              "type": "string",
                                              "description_kind": "plain",
                                              "required": true
                                            }
                                          },
                                          "description_kind": "plain"
                                        }
                                      }
                                    },
                                    "description_kind": "plain"
                                  },
                                  "max_items": 1
                                },
                                "extraction": {
                                  "nesting_mode": "list",
                                  "block": {
                                    "attributes": {
                                      "regex": {
                                        "type": "string",
                                        "description_kind": "plain",
                                        "optional": true
                                      },
                                      "source": {
                                        "type": "string",
                                        "description_kind": "plain",
                                        "optional": true
                                      },
                                      "target": {
                                        "type": "string",
                                        "description_kind": "plain",
                                        "required": true
                                      },
                                      "template": {
                                        "type": "string",
                                        "description_kind": "plain",
                                        "optional": true
                                      }
                                    },
                                    "description_kind": "plain"
                                  }
                                },
                                "pagerduty_automation_action": {
                                  "nesting_mode": "list",
                                  "block": {
                                    "attributes": {
                                      "action_id": {
                                        "type": "string",
                                        "description_kind": "plain",
                                        "required": true
                                      }
                                    },
                                    "description_kind": "plain"
                                  },
                                  "max_items": 1
                                },
                                "variable": {
                                  "nesting_mode": "list",
                                  "block": {
                                    "attributes": {
                                      "name": {
                                        "type": "string",
                                        "description_kind": "plain",
                                        "required": true
                                      },
                                      "path": {
                                        "type": "string",
                                        "description_kind": "plain",
                                        "required": true
                                      },
                                      "type": {
                                        "type": "string",
                                        "description_kind": "plain",
                                        "required": true
                                      },
                                      "value": {
                                        "type": "string",
                                        "description_kind": "plain",
                                        "required": true
                                      }
                                    },
                                    "description_kind": "plain"
                                  }
                                }
                              },
                              "description_kind": "plain"
                            },
                            "min_items": 1,
                            "max_items": 1
                          },
                          "condition": {
                            "nesting_mode": "list",
                            "block": {
                              "attributes": {
                                "expression": {
                                  "type": "string",
                                  "description_kind": "plain",
                                  "required": true
                                }
                              },
                              "description_kind": "plain"
                            }
                          }
                        },
                        "description_kind": "plain"
                      }
                    }
                  },
                  "description_kind": "plain"
                },
                "min_items": 1
              }
            },
            "description_kind": "plain"
          }
        },
        "pagerduty_event_orchestration_unrouted": {
          "version": 0,
          "block": {
            "attributes": {
              "event_orchestration": {
                "type": "string",
                "description_kind": "plain",
                "required": true
              },
              "id": {
                "type": "string",
                "description_kind": "plain",
                "optional": true,
                "computed": true
              }
            },
            "block_types": {
              "catch_all": {
                "nesting_mode": "list",
                "block": {
                  "block_types": {
                    "actions": {
                      "nesting_mode": "list",
                      "block": {
                        "attributes": {
                          "event_action": {
                            "type": "string",
                            "description_kind": "plain",
                            "optional": true
                          },
                          "severity": {
                            "type": "string",
                            "description_kind": "plain",
                            "optional": true
                          },
                          "suppress": {
                            "type": "bool",
                            "description_kind": "plain",
                            "computed": true
                          }
                        },
                        "block_types": {
                          "extraction": {
                            "nesting_mode": "list",
                            "block": {
                              "attributes": {
                                "regex": {
                                  "type": "string",
                                  "description_kind": "plain",
                                  "optional": true
                                },
                                "source": {
                                  "type": "string",
                                  "description_kind": "plain",
                                  "optional": true
                                },
                                "target": {
                                  "type": "string",
                                  "description_kind": "plain",
                                  "required": true
                                },
                                "template": {
                                  "type": "string",
                                  "description_kind": "plain",
                                  "optional": true
                                }
                              },
                              "description_kind": "plain"
                            }
                          },
                          "variable": {
                            "nesting_mode": "list",
                            "block": {
                              "attributes": {
                                "name": {
                                  "type": "string",
                                  "description_kind": "plain",
                                  "required": true
                                },
                                "path": {
                                  "type": "string",
                                  "description_kind": "plain",
                                  "required": true
                                },
                                "type": {
                                  "type": "string",
                                  "description_kind": "plain",
                                  "required": true
                                },
                                "value": {
                                  "type": "string",
                                  "description_kind": "plain",
                                  "required": true
                                }
                              },
                              "description_kind": "plain"
                            }
                          }
                        },
                        "description_kind": "plain"
                      },
                      "min_items": 1,
                      "max_items": 1
                    }
                  },
                  "description_kind": "plain"
                },
                "min_items": 1,
                "max_items": 1
              },
              "set": {
                "nesting_mode": "list",
                "block": {
                  "attributes": {
                    "id": {
                      "type": "string",
                      "description_kind": "plain",
                      "required": true
                    }
                  },
                  "block_types": {
                    "rule": {
                      "nesting_mode": "list",
                      "block": {
                        "attributes": {
                          "disabled": {
                            "type": "bool",
                            "description_kind": "plain",
                            "optional": true
                          },
                          "id": {
                            "type": "string",
                            "description_kind": "plain",
                            "computed": true
                          },
                          "label": {
                            "type": "string",
                            "description_kind": "plain",
                            "optional": true
                          }
                        },
                        "block_types": {
                          "actions": {
                            "nesting_mode": "list",
                            "block": {
                              "attributes": {
                                "event_action": {
                                  "type": "string",
                                  "description_kind": "plain",
                                  "optional": true
                                },
                                "route_to": {
                                  "type": "string",
                                  "description_kind": "plain",
                                  "optional": true
                                },
                                "severity": {
                                  "type": "string",
                                  "description_kind": "plain",
                                  "optional": true
                                }
                              },
                              "block_types": {
                                "extraction": {
                                  "nesting_mode": "list",
                                  "block": {
                                    "attributes": {
                                      "regex": {
                                        "type": "string",
                                        "description_kind": "plain",
                                        "optional": true
                                      },
                                      "source": {
                                        "type": "string",
                                        "description_kind": "plain",
                                        "optional": true
                                      },
                                      "target": {
                                        "type": "string",
                                        "description_kind": "plain",
                                        "required": true
                                      },
                                      "template": {
                                        "type": "string",
                                        "description_kind": "plain",
                                        "optional": true
                                      }
                                    },
                                    "description_kind": "plain"
                                  }
                                },
                                "variable": {
                                  "nesting_mode": "list",
                                  "block": {
                                    "attributes": {
                                      "name": {
                                        "type": "string",
                                        "description_kind": "plain",
                                        "required": true
                                      },
                                      "path": {
                                        "type": "string",
                                        "description_kind": "plain",
                                        "required": true
                                      },
                                      "type": {
                                        "type": "string",
                                        "description_kind": "plain",
                                        "required": true
                                      },
                                      "value": {
                                        "type": "string",
                                        "description_kind": "plain",
                                        "required": true
                                      }
                                    },
                                    "description_kind": "plain"
                                  }
                                }
                              },
                              "description_kind": "plain"
                            },
                            "min_items": 1,
                            "max_items": 1
                          },
                          "condition": {
                            "nesting_mode": "list",
                            "block": {
                              "attributes": {
                                "expression": {
                                  "type": "string",
                                  "description_kind": "plain",
                                  "required": true
                                }
                              },
                              "description_kind": "plain"
                            }
                          }
                        },
                        "description_kind": "plain"
                      }
                    }
                  },
                  "description_kind": "plain"
                },
                "min_items": 1
              }
            },
            "description_kind": "plain"
          }
        },
        "pagerduty_event_rule": {
          "version": 0,
          "block": {
            "attributes": {
              "action_json": {
                "type": "string",
                "description_kind": "plain",
                "required": true
              },
              "advanced_condition_json": {
                "type": "string",
                "description_kind": "plain",
                "optional": true
              },
              "catch_all": {
                "type": "bool",
                "description_kind": "plain",
                "computed": true
              },
              "condition_json": {
                "type": "string",
                "description_kind": "plain",
                "required": true
              },
              "id": {
                "type": "string",
                "description_kind": "plain",
                "optional": true,
                "computed": true
              }
            },
            "description_kind": "plain"
          }
        },
        "pagerduty_extension": {
          "version": 0,
          "block": {
            "attributes": {
              "config": {
                "type": "string",
                "description_kind": "plain",
                "optional": true
              },
              "endpoint_url": {
                "type": "string",
                "description_kind": "plain",
                "optional": true,
                "sensitive": true
              },
              "extension_objects": {
                "type": [
                  "set",
                  "string"
                ],
                "description_kind": "plain",
                "required": true
              },
              "extension_schema": {
                "type": "string",
                "description_kind": "plain",
                "required": true
              },
              "html_url": {
                "type": "string",
                "description_kind": "plain",
                "computed": true
              },
              "id": {
                "type": "string",
                "description_kind": "plain",
                "optional": true,
                "computed": true
              },
              "name": {
                "type": "string",
                "description_kind": "plain",
                "optional": true,
                "computed": true
              },
              "summary": {
                "type": "string",
                "description_kind": "plain",
                "computed": true
              },
              "type": {
                "type": "string",
                "description_kind": "plain",
                "optional": true,
                "computed": true
              }
            },
            "description_kind": "plain"
          }
        },
        "pagerduty_extension_servicenow": {
          "version": 0,
          "block": {
            "attributes": {
              "endpoint_url": {
                "type": "string",
                "description_kind": "plain",
                "optional": true,
                "sensitive": true
              },
              "extension_objects": {
                "type": [
                  "set",
                  "string"
                ],
                "description_kind": "plain",
                "required": true
              },
              "extension_schema": {
                "type": "string",
                "description_kind": "plain",
                "required": true
              },
              "html_url": {
                "type": "string",
                "description_kind": "plain",
                "computed": true
              },
              "id": {
                "type": "string",
                "description_kind": "plain",
                "optional": true,
                "computed": true
              },
              "name": {
                "type": "string",
                "description_kind": "plain",
                "optional": true,
                "computed": true
              },
              "referer": {
                "type": "string",
                "description_kind": "plain",
                "required": true
              },
              "snow_password": {
                "type": "string",
                "description_kind": "plain",
                "required": true,
                "sensitive": true
              },
              "snow_user": {
                "type": "string",
                "description_kind": "plain",
                "required": true
              },
              "summary": {
                "type": "string",
                "description_kind": "plain",
                "optional": true,
                "computed": true
              },
              "sync_options": {
                "type": "string",
                "description_kind": "plain",
                "required": true
              },
              "target": {
                "type": "string",
                "description_kind": "plain",
                "required": true
              },
              "task_type": {
                "type": "string",
                "description_kind": "plain",
                "required": true
              },
              "type": {
                "type": "string",
                "description_kind": "plain",
                "optional": true,
                "computed": true
              }
            },
            "description_kind": "plain"
          }
        },
        "pagerduty_incident_workflow": {
          "version": 0,
          "block": {
            "attributes": {
              "description": {
                "type": "string",
                "description_kind": "plain",
                "optional": true
              },
              "id": {
                "type": "string",
                "description_kind": "plain",
                "optional": true,
                "computed": true
              },
              "name": {
                "type": "string",
                "description_kind": "plain",
                "required": true
              },
              "team": {
                "type": "string",
                "description_kind": "plain",
                "optional": true
              }
            },
            "block_types": {
              "step": {
                "nesting_mode": "list",
                "block": {
                  "attributes": {
                    "action": {
                      "type": "string",
                      "description_kind": "plain",
                      "required": true
                    },
                    "id": {
                      "type": "string",
                      "description_kind": "plain",
                      "computed": true
                    },
                    "name": {
                      "type": "string",
                      "description_kind": "plain",
                      "required": true
                    }
                  },
                  "block_types": {
                    "input": {
                      "nesting_mode": "list",
                      "block": {
                        "attributes": {
                          "generated": {
                            "type": "bool",
                            "description_kind": "plain",
                            "computed": true
                          },
                          "name": {
                            "type": "string",
                            "description_kind": "plain",
                            "required": true
                          },
                          "value": {
                            "type": "string",
                            "description_kind": "plain",
                            "required": true
                          }
                        },
                        "description_kind": "plain"
                      }
                    }
                  },
                  "description_kind": "plain"
                }
              }
            },
            "description_kind": "plain"
          }
        },
        "pagerduty_incident_workflow_trigger": {
          "version": 0,
          "block": {
            "attributes": {
              "condition": {
                "type": "string",
                "description_kind": "plain",
                "optional": true
              },
              "id": {
                "type": "string",
                "description_kind": "plain",
                "optional": true,
                "computed": true
              },
              "services": {
                "type": [
                  "list",
                  "string"
                ],
                "description_kind": "plain",
                "optional": true
              },
              "subscribed_to_all_services": {
                "type": "bool",
                "description_kind": "plain",
                "required": true
              },
              "type": {
                "type": "string",
                "description_kind": "plain",
                "required": true
              },
              "workflow": {
                "type": "string",
                "description_kind": "plain",
                "required": true
              }
            },
            "description_kind": "plain"
          }
        },
        "pagerduty_maintenance_window": {
          "version": 0,
          "block": {
            "attributes": {
              "description": {
                "type": "string",
                "description_kind": "plain",
                "optional": true
              },
              "end_time": {
                "type": "string",
                "description_kind": "plain",
                "required": true
              },
              "id": {
                "type": "string",
                "description_kind": "plain",
                "optional": true,
                "computed": true
              },
              "services": {
                "type": [
                  "set",
                  "string"
                ],
                "description_kind": "plain",
                "required": true
              },
              "start_time": {
                "type": "string",
                "description_kind": "plain",
                "required": true
              }
            },
            "description_kind": "plain"
          }
        },
        "pagerduty_response_play": {
          "version": 0,
          "block": {
            "attributes": {
              "conference_number": {
                "type": "string",
                "description_kind": "plain",
                "optional": true
              },
              "conference_url": {
                "type": "string",
                "description_kind": "plain",
                "optional": true
              },
              "description": {
                "type": "string",
                "description_kind": "plain",
                "optional": true
              },
              "from": {
                "type": "string",
                "description_kind": "plain",
                "required": true
              },
              "id": {
                "type": "string",
                "description_kind": "plain",
                "optional": true,
                "computed": true
              },
              "name": {
                "type": "string",
                "description_kind": "plain",
                "required": true
              },
              "responders_message": {
                "type": "string",
                "description_kind": "plain",
                "optional": true
              },
              "runnability": {
                "type": "string",
                "description_kind": "plain",
                "optional": true
              },
              "subscribers_message": {
                "type": "string",
                "description_kind": "plain",
                "optional": true
              },
              "team": {
                "type": "string",
                "description_kind": "plain",
                "optional": true
              },
              "type": {
                "type": "string",
                "description_kind": "plain",
                "optional": true
              }
            },
            "block_types": {
              "responder": {
                "nesting_mode": "list",
                "block": {
                  "attributes": {
                    "description": {
                      "type": "string",
                      "description_kind": "plain",
                      "optional": true
                    },
                    "escalation_rule": {
                      "type": [
                        "list",
                        [
                          "object",
                          {
                            "escalation_delay_in_minutes": "number",
                            "id": "string",
                            "target": [
                              "list",
                              [
                                "object",
                                {
                                  "id": "string",
                                  "type": "string"
                                }
                              ]
                            ]
                          }
                        ]
                      ],
                      "description_kind": "plain",
                      "computed": true
                    },
                    "id": {
                      "type": "string",
                      "description_kind": "plain",
                      "optional": true
                    },
                    "name": {
                      "type": "string",
                      "description_kind": "plain",
                      "optional": true
                    },
                    "num_loops": {
                      "type": "number",
                      "description_kind": "plain",
                      "computed": true
                    },
                    "on_call_handoff_notifications": {
                      "type": "string",
                      "description_kind": "plain",
                      "computed": true
                    },
                    "service": {
                      "type": [
                        "list",
                        [
                          "object",
                          {
                            "id": "string",
                            "type": "string"
                          }
                        ]
                      ],
                      "description_kind": "plain",
                      "computed": true
                    },
                    "team": {
                      "type": [
                        "list",
                        [
                          "object",
                          {
                            "id": "string",
                            "type": "string"
                          }
                        ]
                      ],
                      "description_kind": "plain",
                      "computed": true
                    },
                    "type": {
                      "type": "string",
                      "description_kind": "plain",
                      "optional": true
                    }
                  },
                  "description_kind": "plain"
                }
              },
              "subscriber": {
                "nesting_mode": "list",
                "block": {
                  "attributes": {
                    "id": {
                      "type": "string",
                      "description_kind": "plain",
                      "optional": true
                    },
                    "type": {
                      "type": "string",
                      "description_kind": "plain",
                      "optional": true
                    }
                  },
                  "description_kind": "plain"
                }
              }
            },
            "description_kind": "plain"
          }
        },
        "pagerduty_ruleset": {
          "version": 0,
          "block": {
            "attributes": {
              "id": {
                "type": "string",
                "description_kind": "plain",
                "optional": true,
                "computed": true
              },
              "name": {
                "type": "string",
                "description_kind": "plain",
                "required": true
              },
              "routing_keys": {
                "type": [
                  "list",
                  "string"
                ],
                "description_kind": "plain",
                "computed": true
              },
              "type": {
                "type": "string",
                "description_kind": "plain",
                "computed": true
              }
            },
            "block_types": {
              "team": {
                "nesting_mode": "list",
                "block": {
                  "attributes": {
                    "id": {
                      "type": "string",
                      "description_kind": "plain",
                      "required": true
                    }
                  },
                  "description_kind": "plain"
                },
                "max_items": 1
              }
            },
            "description_kind": "plain"
          }
        },
        "pagerduty_ruleset_rule": {
          "version": 0,
          "block": {
            "attributes": {
              "catch_all": {
                "type": "bool",
                "description_kind": "plain",
                "optional": true
              },
              "disabled": {
                "type": "bool",
                "description_kind": "plain",
                "optional": true
              },
              "id": {
                "type": "string",
                "description_kind": "plain",
                "optional": true,
                "computed": true
              },
              "position": {
                "type": "number",
                "description_kind": "plain",
                "optional": true
              },
              "ruleset": {
                "type": "string",
                "description_kind": "plain",
                "required": true
              }
            },
            "block_types": {
              "actions": {
                "nesting_mode": "list",
                "block": {
                  "block_types": {
                    "annotate": {
                      "nesting_mode": "list",
                      "block": {
                        "attributes": {
                          "value": {
                            "type": "string",
                            "description_kind": "plain",
                            "optional": true
                          }
                        },
                        "description_kind": "plain"
                      }
                    },
                    "event_action": {
                      "nesting_mode": "list",
                      "block": {
                        "attributes": {
                          "value": {
                            "type": "string",
                            "description_kind": "plain",
                            "optional": true
                          }
                        },
                        "description_kind": "plain"
                      }
                    },
                    "extractions": {
                      "nesting_mode": "list",
                      "block": {
                        "attributes": {
                          "regex": {
                            "type": "string",
                            "description_kind": "plain",
                            "optional": true
                          },
                          "source": {
                            "type": "string",
                            "description_kind": "plain",
                            "optional": true
                          },
                          "target": {
                            "type": "string",
                            "description_kind": "plain",
                            "optional": true
                          },
                          "template": {
                            "type": "string",
                            "description_kind": "plain",
                            "optional": true
                          }
                        },
                        "description_kind": "plain"
                      }
                    },
                    "priority": {
                      "nesting_mode": "list",
                      "block": {
                        "attributes": {
                          "value": {
                            "type": "string",
                            "description_kind": "plain",
                            "optional": true
                          }
                        },
                        "description_kind": "plain"
                      }
                    },
                    "route": {
                      "nesting_mode": "list",
                      "block": {
                        "attributes": {
                          "value": {
                            "type": "string",
                            "description_kind": "plain",
                            "optional": true
                          }
                        },
                        "description_kind": "plain"
                      }
                    },
                    "severity": {
                      "nesting_mode": "list",
                      "block": {
                        "attributes": {
                          "value": {
                            "type": "string",
                            "description_kind": "plain",
                            "optional": true
                          }
                        },
                        "description_kind": "plain"
                      }
                    },
                    "suppress": {
                      "nesting_mode": "list",
                      "block": {
                        "attributes": {
                          "threshold_time_amount": {
                            "type": "number",
                            "description_kind": "plain",
                            "optional": true
                          },
                          "threshold_time_unit": {
                            "type": "string",
                            "description_kind": "plain",
                            "optional": true
                          },
                          "threshold_value": {
                            "type": "number",
                            "description_kind": "plain",
                            "optional": true
                          },
                          "value": {
                            "type": "bool",
                            "description_kind": "plain",
                            "optional": true
                          }
                        },
                        "description_kind": "plain"
                      }
                    },
                    "suspend": {
                      "nesting_mode": "list",
                      "block": {
                        "attributes": {
                          "value": {
                            "type": "number",
                            "description_kind": "plain",
                            "optional": true
                          }
                        },
                        "description_kind": "plain"
                      }
                    }
                  },
                  "description_kind": "plain"
                },
                "max_items": 1
              },
              "conditions": {
                "nesting_mode": "list",
                "block": {
                  "attributes": {
                    "operator": {
                      "type": "string",
                      "description_kind": "plain",
                      "optional": true
                    }
                  },
                  "block_types": {
                    "subconditions": {
                      "nesting_mode": "list",
                      "block": {
                        "attributes": {
                          "operator": {
                            "type": "string",
                            "description_kind": "plain",
                            "optional": true
                          }
                        },
                        "block_types": {
                          "parameter": {
                            "nesting_mode": "list",
                            "block": {
                              "attributes": {
                                "path": {
                                  "type": "string",
                                  "description_kind": "plain",
                                  "optional": true
                                },
                                "value": {
                                  "type": "string",
                                  "description_kind": "plain",
                                  "optional": true
                                }
                              },
                              "description_kind": "plain"
                            }
                          }
                        },
                        "description_kind": "plain"
                      }
                    }
                  },
                  "description_kind": "plain"
                },
                "max_items": 1
              },
              "time_frame": {
                "nesting_mode": "list",
                "block": {
                  "block_types": {
                    "active_between": {
                      "nesting_mode": "list",
                      "block": {
                        "attributes": {
                          "end_time": {
                            "type": "number",
                            "description_kind": "plain",
                            "optional": true
                          },
                          "start_time": {
                            "type": "number",
                            "description_kind": "plain",
                            "optional": true
                          }
                        },
                        "description_kind": "plain"
                      }
                    },
                    "scheduled_weekly": {
                      "nesting_mode": "list",
                      "block": {
                        "attributes": {
                          "duration": {
                            "type": "number",
                            "description_kind": "plain",
                            "optional": true
                          },
                          "start_time": {
                            "type": "number",
                            "description_kind": "plain",
                            "optional": true
                          },
                          "timezone": {
                            "type": "string",
                            "description_kind": "plain",
                            "optional": true
                          },
                          "weekdays": {
                            "type": [
                              "list",
                              "number"
                            ],
                            "description_kind": "plain",
                            "optional": true
                          }
                        },
                        "description_kind": "plain"
                      }
                    }
                  },
                  "description_kind": "plain"
                },
                "max_items": 1
              },
              "variable": {
                "nesting_mode": "list",
                "block": {
                  "attributes": {
                    "name": {
                      "type": "string",
                      "description_kind": "plain",
                      "optional": true
                    },
                    "type": {
                      "type": "string",
                      "description_kind": "plain",
                      "optional": true
                    }
                  },
                  "block_types": {
                    "parameters": {
                      "nesting_mode": "list",
                      "block": {
                        "attributes": {
                          "path": {
                            "type": "string",
                            "description_kind": "plain",
                            "optional": true
                          },
                          "value": {
                            "type": "string",
                            "description_kind": "plain",
                            "optional": true
                          }
                        },
                        "description_kind": "plain"
                      }
                    }
                  },
                  "description_kind": "plain"
                }
              }
            },
            "description_kind": "plain"
          }
        },
        "pagerduty_schedule": {
          "version": 0,
          "block": {
            "attributes": {
              "description": {
                "type": "string",
                "description_kind": "plain",
                "optional": true
              },
              "final_schedule": {
                "type": [
                  "list",
                  [
                    "object",
                    {
                      "name": "string",
                      "rendered_coverage_percentage": "string"
                    }
                  ]
                ],
                "description_kind": "plain",
                "computed": true
              },
              "id": {
                "type": "string",
                "description_kind": "plain",
                "optional": true,
                "computed": true
              },
              "name": {
                "type": "string",
                "description_kind": "plain",
                "optional": true
              },
              "overflow": {
                "type": "bool",
                "description_kind": "plain",
                "optional": true
              },
              "teams": {
                "type": [
                  "list",
                  "string"
                ],
                "description_kind": "plain",
                "optional": true
              },
              "time_zone": {
                "type": "string",
                "description_kind": "plain",
                "required": true
              }
            },
            "block_types": {
              "layer": {
                "nesting_mode": "list",
                "block": {
                  "attributes": {
                    "end": {
                      "type": "string",
                      "description_kind": "plain",
                      "optional": true
                    },
                    "id": {
                      "type": "string",
                      "description_kind": "plain",
                      "computed": true
                    },
                    "name": {
                      "type": "string",
                      "description_kind": "plain",
                      "optional": true,
                      "computed": true
                    },
                    "rendered_coverage_percentage": {
                      "type": "string",
                      "description_kind": "plain",
                      "computed": true
                    },
                    "rotation_turn_length_seconds": {
                      "type": "number",
                      "description_kind": "plain",
                      "required": true
                    },
                    "rotation_virtual_start": {
                      "type": "string",
                      "description_kind": "plain",
                      "required": true
                    },
                    "start": {
                      "type": "string",
                      "description_kind": "plain",
                      "required": true
                    },
                    "users": {
                      "type": [
                        "list",
                        "string"
                      ],
                      "description_kind": "plain",
                      "required": true
                    }
                  },
                  "block_types": {
                    "restriction": {
                      "nesting_mode": "list",
                      "block": {
                        "attributes": {
                          "duration_seconds": {
                            "type": "number",
                            "description_kind": "plain",
                            "required": true
                          },
                          "start_day_of_week": {
                            "type": "number",
                            "description_kind": "plain",
                            "optional": true
                          },
                          "start_time_of_day": {
                            "type": "string",
                            "description_kind": "plain",
                            "required": true
                          },
                          "type": {
                            "type": "string",
                            "description_kind": "plain",
                            "required": true
                          }
                        },
                        "description_kind": "plain"
                      }
                    }
                  },
                  "description_kind": "plain"
                },
                "min_items": 1
              }
            },
            "description_kind": "plain"
          }
        },
        "pagerduty_service": {
          "version": 0,
          "block": {
            "attributes": {
              "acknowledgement_timeout": {
                "type": "string",
                "description_kind": "plain",
                "optional": true
              },
              "alert_creation": {
                "type": "string",
                "description_kind": "plain",
                "optional": true
              },
              "alert_grouping": {
                "type": "string",
                "description_kind": "plain",
                "deprecated": true,
                "optional": true,
                "computed": true
              },
              "alert_grouping_timeout": {
                "type": "string",
                "description_kind": "plain",
                "deprecated": true,
                "optional": true,
                "computed": true
              },
              "auto_resolve_timeout": {
                "type": "string",
                "description_kind": "plain",
                "optional": true
              },
              "created_at": {
                "type": "string",
                "description_kind": "plain",
                "computed": true
              },
              "description": {
                "type": "string",
                "description_kind": "plain",
                "optional": true
              },
              "escalation_policy": {
                "type": "string",
                "description_kind": "plain",
                "required": true
              },
              "html_url": {
                "type": "string",
                "description_kind": "plain",
                "computed": true
              },
              "id": {
                "type": "string",
                "description_kind": "plain",
                "optional": true,
                "computed": true
              },
              "last_incident_timestamp": {
                "type": "string",
                "description_kind": "plain",
                "computed": true
              },
              "name": {
                "type": "string",
                "description_kind": "plain",
                "required": true
              },
              "response_play": {
                "type": "string",
                "description_kind": "plain",
                "optional": true
              },
              "status": {
                "type": "string",
                "description_kind": "plain",
                "computed": true
              },
              "type": {
                "type": "string",
                "description_kind": "plain",
                "computed": true
              }
            },
            "block_types": {
              "alert_grouping_parameters": {
                "nesting_mode": "list",
                "block": {
                  "attributes": {
                    "type": {
                      "type": "string",
                      "description_kind": "plain",
                      "optional": true
                    }
                  },
                  "block_types": {
                    "config": {
                      "nesting_mode": "list",
                      "block": {
                        "attributes": {
                          "aggregate": {
                            "type": "string",
                            "description_kind": "plain",
                            "optional": true
                          },
                          "fields": {
                            "type": [
                              "list",
                              "string"
                            ],
                            "description_kind": "plain",
                            "optional": true
                          },
                          "timeout": {
                            "type": "number",
                            "description_kind": "plain",
                            "optional": true
                          }
                        },
                        "description_kind": "plain"
                      },
                      "max_items": 1
                    }
                  },
                  "description_kind": "plain"
                },
                "max_items": 1
              },
              "auto_pause_notifications_parameters": {
                "nesting_mode": "list",
                "block": {
                  "attributes": {
                    "enabled": {
                      "type": "bool",
                      "description_kind": "plain",
                      "optional": true,
                      "computed": true
                    },
                    "timeout": {
                      "type": "number",
                      "description_kind": "plain",
                      "optional": true,
                      "computed": true
                    }
                  },
                  "description_kind": "plain"
                },
                "max_items": 1
              },
              "incident_urgency_rule": {
                "nesting_mode": "list",
                "block": {
                  "attributes": {
                    "type": {
                      "type": "string",
                      "description_kind": "plain",
                      "required": true
                    },
                    "urgency": {
                      "type": "string",
                      "description_kind": "plain",
                      "optional": true
                    }
                  },
                  "block_types": {
                    "during_support_hours": {
                      "nesting_mode": "list",
                      "block": {
                        "attributes": {
                          "type": {
                            "type": "string",
                            "description_kind": "plain",
                            "optional": true
                          },
                          "urgency": {
                            "type": "string",
                            "description_kind": "plain",
                            "optional": true
                          }
                        },
                        "description_kind": "plain"
                      },
                      "max_items": 1
                    },
                    "outside_support_hours": {
                      "nesting_mode": "list",
                      "block": {
                        "attributes": {
                          "type": {
                            "type": "string",
                            "description_kind": "plain",
                            "optional": true
                          },
                          "urgency": {
                            "type": "string",
                            "description_kind": "plain",
                            "optional": true
                          }
                        },
                        "description_kind": "plain"
                      },
                      "max_items": 1
                    }
                  },
                  "description_kind": "plain"
                },
                "max_items": 1
              },
              "scheduled_actions": {
                "nesting_mode": "list",
                "block": {
                  "attributes": {
                    "to_urgency": {
                      "type": "string",
                      "description_kind": "plain",
                      "optional": true
                    },
                    "type": {
                      "type": "string",
                      "description_kind": "plain",
                      "optional": true
                    }
                  },
                  "block_types": {
                    "at": {
                      "nesting_mode": "list",
                      "block": {
                        "attributes": {
                          "name": {
                            "type": "string",
                            "description_kind": "plain",
                            "optional": true
                          },
                          "type": {
                            "type": "string",
                            "description_kind": "plain",
                            "optional": true
                          }
                        },
                        "description_kind": "plain"
                      }
                    }
                  },
                  "description_kind": "plain"
                }
              },
              "support_hours": {
                "nesting_mode": "list",
                "block": {
                  "attributes": {
                    "days_of_week": {
                      "type": [
                        "list",
                        "number"
                      ],
                      "description_kind": "plain",
                      "optional": true
                    },
                    "end_time": {
                      "type": "string",
                      "description_kind": "plain",
                      "optional": true
                    },
                    "start_time": {
                      "type": "string",
                      "description_kind": "plain",
                      "optional": true
                    },
                    "time_zone": {
                      "type": "string",
                      "description_kind": "plain",
                      "optional": true
                    },
                    "type": {
                      "type": "string",
                      "description_kind": "plain",
                      "optional": true
                    }
                  },
                  "description_kind": "plain"
                },
                "max_items": 1
              }
            },
            "description_kind": "plain"
          }
        },
        "pagerduty_service_dependency": {
          "version": 0,
          "block": {
            "attributes": {
              "id": {
                "type": "string",
                "description_kind": "plain",
                "optional": true,
                "computed": true
              }
            },
            "block_types": {
              "dependency": {
                "nesting_mode": "list",
                "block": {
                  "attributes": {
                    "type": {
                      "type": "string",
                      "description_kind": "plain",
                      "optional": true
                    }
                  },
                  "block_types": {
                    "dependent_service": {
                      "nesting_mode": "list",
                      "block": {
                        "attributes": {
                          "id": {
                            "type": "string",
                            "description_kind": "plain",
                            "required": true
                          },
                          "type": {
                            "type": "string",
                            "description_kind": "plain",
                            "required": true
                          }
                        },
                        "description_kind": "plain"
                      },
                      "min_items": 1
                    },
                    "supporting_service": {
                      "nesting_mode": "list",
                      "block": {
                        "attributes": {
                          "id": {
                            "type": "string",
                            "description_kind": "plain",
                            "required": true
                          },
                          "type": {
                            "type": "string",
                            "description_kind": "plain",
                            "required": true
                          }
                        },
                        "description_kind": "plain"
                      },
                      "min_items": 1
                    }
                  },
                  "description_kind": "plain"
                },
                "min_items": 1,
                "max_items": 1
              }
            },
            "description_kind": "plain"
          }
        },
        "pagerduty_service_event_rule": {
          "version": 0,
          "block": {
            "attributes": {
              "disabled": {
                "type": "bool",
                "description_kind": "plain",
                "optional": true
              },
              "id": {
                "type": "string",
                "description_kind": "plain",
                "optional": true,
                "computed": true
              },
              "position": {
                "type": "number",
                "description_kind": "plain",
                "optional": true
              },
              "service": {
                "type": "string",
                "description_kind": "plain",
                "required": true
              }
            },
            "block_types": {
              "actions": {
                "nesting_mode": "list",
                "block": {
                  "block_types": {
                    "annotate": {
                      "nesting_mode": "list",
                      "block": {
                        "attributes": {
                          "value": {
                            "type": "string",
                            "description_kind": "plain",
                            "optional": true
                          }
                        },
                        "description_kind": "plain"
                      }
                    },
                    "event_action": {
                      "nesting_mode": "list",
                      "block": {
                        "attributes": {
                          "value": {
                            "type": "string",
                            "description_kind": "plain",
                            "optional": true
                          }
                        },
                        "description_kind": "plain"
                      }
                    },
                    "extractions": {
                      "nesting_mode": "list",
                      "block": {
                        "attributes": {
                          "regex": {
                            "type": "string",
                            "description_kind": "plain",
                            "optional": true
                          },
                          "source": {
                            "type": "string",
                            "description_kind": "plain",
                            "optional": true
                          },
                          "target": {
                            "type": "string",
                            "description_kind": "plain",
                            "optional": true
                          },
                          "template": {
                            "type": "string",
                            "description_kind": "plain",
                            "optional": true
                          }
                        },
                        "description_kind": "plain"
                      }
                    },
                    "priority": {
                      "nesting_mode": "list",
                      "block": {
                        "attributes": {
                          "value": {
                            "type": "string",
                            "description_kind": "plain",
                            "optional": true
                          }
                        },
                        "description_kind": "plain"
                      }
                    },
                    "severity": {
                      "nesting_mode": "list",
                      "block": {
                        "attributes": {
                          "value": {
                            "type": "string",
                            "description_kind": "plain",
                            "optional": true
                          }
                        },
                        "description_kind": "plain"
                      }
                    },
                    "suppress": {
                      "nesting_mode": "list",
                      "block": {
                        "attributes": {
                          "threshold_time_amount": {
                            "type": "number",
                            "description_kind": "plain",
                            "optional": true
                          },
                          "threshold_time_unit": {
                            "type": "string",
                            "description_kind": "plain",
                            "optional": true
                          },
                          "threshold_value": {
                            "type": "number",
                            "description_kind": "plain",
                            "optional": true
                          },
                          "value": {
                            "type": "bool",
                            "description_kind": "plain",
                            "optional": true
                          }
                        },
                        "description_kind": "plain"
                      }
                    },
                    "suspend": {
                      "nesting_mode": "list",
                      "block": {
                        "attributes": {
                          "value": {
                            "type": "number",
                            "description_kind": "plain",
                            "optional": true
                          }
                        },
                        "description_kind": "plain"
                      }
                    }
                  },
                  "description_kind": "plain"
                },
                "max_items": 1
              },
              "conditions": {
                "nesting_mode": "list",
                "block": {
                  "attributes": {
                    "operator": {
                      "type": "string",
                      "description_kind": "plain",
                      "optional": true
                    }
                  },
                  "block_types": {
                    "subconditions": {
                      "nesting_mode": "list",
                      "block": {
                        "attributes": {
                          "operator": {
                            "type": "string",
                            "description_kind": "plain",
                            "optional": true
                          }
                        },
                        "block_types": {
                          "parameter": {
                            "nesting_mode": "list",
                            "block": {
                              "attributes": {
                                "path": {
                                  "type": "string",
                                  "description_kind": "plain",
                                  "optional": true
                                },
                                "value": {
                                  "type": "string",
                                  "description_kind": "plain",
                                  "optional": true
                                }
                              },
                              "description_kind": "plain"
                            }
                          }
                        },
                        "description_kind": "plain"
                      }
                    }
                  },
                  "description_kind": "plain"
                },
                "max_items": 1
              },
              "time_frame": {
                "nesting_mode": "list",
                "block": {
                  "block_types": {
                    "active_between": {
                      "nesting_mode": "list",
                      "block": {
                        "attributes": {
                          "end_time": {
                            "type": "number",
                            "description_kind": "plain",
                            "optional": true
                          },
                          "start_time": {
                            "type": "number",
                            "description_kind": "plain",
                            "optional": true
                          }
                        },
                        "description_kind": "plain"
                      }
                    },
                    "scheduled_weekly": {
                      "nesting_mode": "list",
                      "block": {
                        "attributes": {
                          "duration": {
                            "type": "number",
                            "description_kind": "plain",
                            "optional": true
                          },
                          "start_time": {
                            "type": "number",
                            "description_kind": "plain",
                            "optional": true
                          },
                          "timezone": {
                            "type": "string",
                            "description_kind": "plain",
                            "optional": true
                          },
                          "weekdays": {
                            "type": [
                              "list",
                              "number"
                            ],
                            "description_kind": "plain",
                            "optional": true
                          }
                        },
                        "description_kind": "plain"
                      }
                    }
                  },
                  "description_kind": "plain"
                },
                "max_items": 1
              },
              "variable": {
                "nesting_mode": "list",
                "block": {
                  "attributes": {
                    "name": {
                      "type": "string",
                      "description_kind": "plain",
                      "optional": true
                    },
                    "type": {
                      "type": "string",
                      "description_kind": "plain",
                      "optional": true
                    }
                  },
                  "block_types": {
                    "parameters": {
                      "nesting_mode": "list",
                      "block": {
                        "attributes": {
                          "path": {
                            "type": "string",
                            "description_kind": "plain",
                            "optional": true
                          },
                          "value": {
                            "type": "string",
                            "description_kind": "plain",
                            "optional": true
                          }
                        },
                        "description_kind": "plain"
                      }
                    }
                  },
                  "description_kind": "plain"
                }
              }
            },
            "description_kind": "plain"
          }
        },
        "pagerduty_service_integration": {
          "version": 0,
          "block": {
            "attributes": {
              "email_filter_mode": {
                "type": "string",
                "description_kind": "plain",
                "optional": true,
                "computed": true
              },
              "email_incident_creation": {
                "type": "string",
                "description_kind": "plain",
                "optional": true,
                "computed": true
              },
              "email_parsing_fallback": {
                "type": "string",
                "description_kind": "plain",
                "optional": true,
                "computed": true
              },
              "html_url": {
                "type": "string",
                "description_kind": "plain",
                "computed": true
              },
              "id": {
                "type": "string",
                "description_kind": "plain",
                "optional": true,
                "computed": true
              },
              "integration_email": {
                "type": "string",
                "description_kind": "plain",
                "optional": true,
                "computed": true
              },
              "integration_key": {
                "type": "string",
                "description_kind": "plain",
                "optional": true,
                "computed": true
              },
              "name": {
                "type": "string",
                "description_kind": "plain",
                "optional": true
              },
              "service": {
                "type": "string",
                "description_kind": "plain",
                "required": true
              },
              "type": {
                "type": "string",
                "description_kind": "plain",
                "optional": true,
                "computed": true
              },
              "vendor": {
                "type": "string",
                "description_kind": "plain",
                "optional": true,
                "computed": true
              }
            },
            "block_types": {
              "email_filter": {
                "nesting_mode": "list",
                "block": {
                  "attributes": {
                    "body_mode": {
                      "type": "string",
                      "description_kind": "plain",
                      "optional": true
                    },
                    "body_regex": {
                      "type": "string",
                      "description_kind": "plain",
                      "optional": true
                    },
                    "from_email_mode": {
                      "type": "string",
                      "description_kind": "plain",
                      "optional": true
                    },
                    "from_email_regex": {
                      "type": "string",
                      "description_kind": "plain",
                      "optional": true
                    },
                    "id": {
                      "type": "string",
                      "description_kind": "plain",
                      "computed": true
                    },
                    "subject_mode": {
                      "type": "string",
                      "description_kind": "plain",
                      "optional": true
                    },
                    "subject_regex": {
                      "type": "string",
                      "description_kind": "plain",
                      "optional": true
                    }
                  },
                  "description_kind": "plain"
                }
              },
              "email_parser": {
                "nesting_mode": "list",
                "block": {
                  "attributes": {
                    "action": {
                      "type": "string",
                      "description_kind": "plain",
                      "required": true
                    },
                    "id": {
                      "type": "number",
                      "description_kind": "plain",
                      "computed": true
                    }
                  },
                  "block_types": {
                    "match_predicate": {
                      "nesting_mode": "list",
                      "block": {
                        "attributes": {
                          "type": {
                            "type": "string",
                            "description_kind": "plain",
                            "required": true
                          }
                        },
                        "block_types": {
                          "predicate": {
                            "nesting_mode": "list",
                            "block": {
                              "attributes": {
                                "matcher": {
                                  "type": "string",
                                  "description_kind": "plain",
                                  "optional": true
                                },
                                "part": {
                                  "type": "string",
                                  "description_kind": "plain",
                                  "optional": true
                                },
                                "type": {
                                  "type": "string",
                                  "description_kind": "plain",
                                  "required": true
                                }
                              },
                              "block_types": {
                                "predicate": {
                                  "nesting_mode": "list",
                                  "block": {
                                    "attributes": {
                                      "matcher": {
                                        "type": "string",
                                        "description_kind": "plain",
                                        "required": true
                                      },
                                      "part": {
                                        "type": "string",
                                        "description_kind": "plain",
                                        "required": true
                                      },
                                      "type": {
                                        "type": "string",
                                        "description_kind": "plain",
                                        "required": true
                                      }
                                    },
                                    "description_kind": "plain"
                                  }
                                }
                              },
                              "description_kind": "plain"
                            }
                          }
                        },
                        "description_kind": "plain"
                      },
                      "min_items": 1,
                      "max_items": 1
                    },
                    "value_extractor": {
                      "nesting_mode": "list",
                      "block": {
                        "attributes": {
                          "ends_before": {
                            "type": "string",
                            "description_kind": "plain",
                            "optional": true
                          },
                          "part": {
                            "type": "string",
                            "description_kind": "plain",
                            "required": true
                          },
                          "regex": {
                            "type": "string",
                            "description_kind": "plain",
                            "optional": true
                          },
                          "starts_after": {
                            "type": "string",
                            "description_kind": "plain",
                            "optional": true
                          },
                          "type": {
                            "type": "string",
                            "description_kind": "plain",
                            "required": true
                          },
                          "value_name": {
                            "type": "string",
                            "description_kind": "plain",
                            "required": true
                          }
                        },
                        "description_kind": "plain"
                      }
                    }
                  },
                  "description_kind": "plain"
                }
              }
            },
            "description_kind": "plain"
          }
        },
        "pagerduty_slack_connection": {
          "version": 0,
          "block": {
            "attributes": {
              "channel_id": {
                "type": "string",
                "description_kind": "plain",
                "required": true
              },
              "channel_name": {
                "type": "string",
                "description_kind": "plain",
                "computed": true
              },
              "id": {
                "type": "string",
                "description_kind": "plain",
                "optional": true,
                "computed": true
              },
              "notification_type": {
                "type": "string",
                "description_kind": "plain",
                "required": true
              },
              "source_id": {
                "type": "string",
                "description_kind": "plain",
                "required": true
              },
              "source_name": {
                "type": "string",
                "description_kind": "plain",
                "computed": true
              },
              "source_type": {
                "type": "string",
                "description_kind": "plain",
                "required": true
              },
              "workspace_id": {
                "type": "string",
                "description_kind": "plain",
                "required": true
              }
            },
            "block_types": {
              "config": {
                "nesting_mode": "list",
                "block": {
                  "attributes": {
                    "events": {
                      "type": [
                        "list",
                        "string"
                      ],
                      "description_kind": "plain",
                      "required": true
                    },
                    "priorities": {
                      "type": [
                        "list",
                        "string"
                      ],
                      "description_kind": "plain",
                      "optional": true
                    },
                    "urgency": {
                      "type": "string",
                      "description_kind": "plain",
                      "optional": true
                    }
                  },
                  "description_kind": "plain"
                },
                "min_items": 1
              }
            },
            "description_kind": "plain"
          }
        },
        "pagerduty_tag": {
          "version": 0,
          "block": {
            "attributes": {
              "html_url": {
                "type": "string",
                "description_kind": "plain",
                "computed": true
              },
              "id": {
                "type": "string",
                "description_kind": "plain",
                "optional": true,
                "computed": true
              },
              "label": {
                "type": "string",
                "description_kind": "plain",
                "required": true
              },
              "summary": {
                "type": "string",
                "description_kind": "plain",
                "computed": true
              }
            },
            "description_kind": "plain"
          }
        },
        "pagerduty_tag_assignment": {
          "version": 0,
          "block": {
            "attributes": {
              "entity_id": {
                "type": "string",
                "description_kind": "plain",
                "required": true
              },
              "entity_type": {
                "type": "string",
                "description_kind": "plain",
                "required": true
              },
              "id": {
                "type": "string",
                "description_kind": "plain",
                "optional": true,
                "computed": true
              },
              "tag_id": {
                "type": "string",
                "description_kind": "plain",
                "required": true
              }
            },
            "description_kind": "plain"
          }
        },
        "pagerduty_team": {
          "version": 0,
          "block": {
            "attributes": {
              "description": {
                "type": "string",
                "description_kind": "plain",
                "optional": true
              },
              "html_url": {
                "type": "string",
                "description_kind": "plain",
                "computed": true
              },
              "id": {
                "type": "string",
                "description_kind": "plain",
                "optional": true,
                "computed": true
              },
              "name": {
                "type": "string",
                "description_kind": "plain",
                "required": true
              },
              "parent": {
                "type": "string",
                "description_kind": "plain",
                "optional": true
              }
            },
            "description_kind": "plain"
          }
        },
        "pagerduty_team_membership": {
          "version": 0,
          "block": {
            "attributes": {
              "id": {
                "type": "string",
                "description_kind": "plain",
                "optional": true,
                "computed": true
              },
              "role": {
                "type": "string",
                "description_kind": "plain",
                "optional": true
              },
              "team_id": {
                "type": "string",
                "description_kind": "plain",
                "required": true
              },
              "user_id": {
                "type": "string",
                "description_kind": "plain",
                "required": true
              }
            },
            "description_kind": "plain"
          }
        },
        "pagerduty_user": {
          "version": 0,
          "block": {
            "attributes": {
              "avatar_url": {
                "type": "string",
                "description_kind": "plain",
                "computed": true
              },
              "color": {
                "type": "string",
                "description_kind": "plain",
                "optional": true,
                "computed": true
              },
              "description": {
                "type": "string",
                "description_kind": "plain",
                "optional": true
              },
              "email": {
                "type": "string",
                "description_kind": "plain",
                "required": true
              },
              "html_url": {
                "type": "string",
                "description_kind": "plain",
                "computed": true
              },
              "id": {
                "type": "string",
                "description_kind": "plain",
                "optional": true,
                "computed": true
              },
              "invitation_sent": {
                "type": "bool",
                "description_kind": "plain",
                "computed": true
              },
              "job_title": {
                "type": "string",
                "description_kind": "plain",
                "optional": true
              },
              "name": {
                "type": "string",
                "description_kind": "plain",
                "required": true
              },
              "role": {
                "type": "string",
                "description_kind": "plain",
                "optional": true
              },
              "teams": {
                "type": [
                  "set",
                  "string"
                ],
                "description_kind": "plain",
                "deprecated": true,
                "optional": true,
                "computed": true
              },
              "time_zone": {
                "type": "string",
                "description_kind": "plain",
                "optional": true,
                "computed": true
              }
            },
            "description_kind": "plain"
          }
        },
        "pagerduty_user_contact_method": {
          "version": 0,
          "block": {
            "attributes": {
              "address": {
                "type": "string",
                "description_kind": "plain",
                "required": true
              },
              "blacklisted": {
                "type": "bool",
                "description_kind": "plain",
                "computed": true
              },
              "country_code": {
                "type": "number",
                "description_kind": "plain",
                "optional": true
              },
              "enabled": {
                "type": "bool",
                "description_kind": "plain",
                "computed": true
              },
              "id": {
                "type": "string",
                "description_kind": "plain",
                "optional": true,
                "computed": true
              },
              "label": {
                "type": "string",
                "description_kind": "plain",
                "required": true
              },
              "send_short_email": {
                "type": "bool",
                "description_kind": "plain",
                "optional": true
              },
              "type": {
                "type": "string",
                "description_kind": "plain",
                "required": true
              },
              "user_id": {
                "type": "string",
                "description_kind": "plain",
                "required": true
              }
            },
            "description_kind": "plain"
          }
        },
        "pagerduty_user_notification_rule": {
          "version": 0,
          "block": {
            "attributes": {
              "contact_method": {
                "type": [
                  "map",
                  "string"
                ],
                "description_kind": "plain",
                "required": true
              },
              "id": {
                "type": "string",
                "description_kind": "plain",
                "optional": true,
                "computed": true
              },
              "start_delay_in_minutes": {
                "type": "number",
                "description_kind": "plain",
                "required": true
              },
              "urgency": {
                "type": "string",
                "description_kind": "plain",
                "required": true
              },
              "user_id": {
                "type": "string",
                "description_kind": "plain",
                "required": true
              }
            },
            "description_kind": "plain"
          }
        },
        "pagerduty_webhook_subscription": {
          "version": 0,
          "block": {
            "attributes": {
              "active": {
                "type": "bool",
                "description_kind": "plain",
                "optional": true,
                "computed": true
              },
              "description": {
                "type": "string",
                "description_kind": "plain",
                "optional": true
              },
              "events": {
                "type": [
                  "list",
                  "string"
                ],
                "description_kind": "plain",
                "required": true
              },
              "id": {
                "type": "string",
                "description_kind": "plain",
                "optional": true,
                "computed": true
              },
              "type": {
                "type": "string",
                "description_kind": "plain",
                "optional": true
              }
            },
            "block_types": {
              "delivery_method": {
                "nesting_mode": "list",
                "block": {
                  "attributes": {
                    "temporarily_disabled": {
                      "type": "bool",
                      "description_kind": "plain",
                      "optional": true,
                      "computed": true
                    },
                    "type": {
                      "type": "string",
                      "description_kind": "plain",
                      "optional": true
                    },
                    "url": {
                      "type": "string",
                      "description_kind": "plain",
                      "optional": true
                    }
                  },
                  "block_types": {
                    "custom_header": {
                      "nesting_mode": "list",
                      "block": {
                        "attributes": {
                          "name": {
                            "type": "string",
                            "description_kind": "plain",
                            "required": true
                          },
                          "value": {
                            "type": "string",
                            "description_kind": "plain",
                            "required": true
                          }
                        },
                        "description_kind": "plain"
                      }
                    }
                  },
                  "description_kind": "plain"
                },
                "min_items": 1
              },
              "filter": {
                "nesting_mode": "list",
                "block": {
                  "attributes": {
                    "id": {
                      "type": "string",
                      "description_kind": "plain",
                      "optional": true
                    },
                    "type": {
                      "type": "string",
                      "description_kind": "plain",
                      "required": true
                    }
                  },
                  "description_kind": "plain"
                },
                "min_items": 1
              }
            },
            "description_kind": "plain"
          }
        }
      },
      "data_source_schemas": {
        "pagerduty_automation_actions_action": {
          "version": 0,
          "block": {
            "attributes": {
              "action_classification": {
                "type": "string",
                "description_kind": "plain",
                "optional": true,
                "computed": true
              },
              "action_data_reference": {
                "type": [
                  "list",
                  [
                    "object",
                    {
                      "invocation_command": "string",
                      "process_automation_job_arguments": "string",
                      "process_automation_job_id": "string",
                      "process_automation_node_filter": "string",
                      "script": "string"
                    }
                  ]
                ],
                "description_kind": "plain",
                "computed": true
              },
              "action_type": {
                "type": "string",
                "description_kind": "plain",
                "computed": true
              },
              "creation_time": {
                "type": "string",
                "description_kind": "plain",
                "optional": true,
                "computed": true
              },
              "description": {
                "type": "string",
                "description_kind": "plain",
                "optional": true,
                "computed": true
              },
              "id": {
                "type": "string",
                "description_kind": "plain",
                "required": true
              },
              "modify_time": {
                "type": "string",
                "description_kind": "plain",
                "optional": true,
                "computed": true
              },
              "name": {
                "type": "string",
                "description_kind": "plain",
                "computed": true
              },
              "runner_id": {
                "type": "string",
                "description_kind": "plain",
                "optional": true,
                "computed": true
              },
              "runner_type": {
                "type": "string",
                "description_kind": "plain",
                "optional": true,
                "computed": true
              },
              "type": {
                "type": "string",
                "description_kind": "plain",
                "optional": true,
                "computed": true
              }
            },
            "description_kind": "plain"
          }
        },
        "pagerduty_automation_actions_runner": {
          "version": 0,
          "block": {
            "attributes": {
              "creation_time": {
                "type": "string",
                "description_kind": "plain",
                "computed": true
              },
              "description": {
                "type": "string",
                "description_kind": "plain",
                "optional": true,
                "computed": true
              },
              "id": {
                "type": "string",
                "description_kind": "plain",
                "required": true
              },
              "last_seen": {
                "type": "string",
                "description_kind": "plain",
                "optional": true,
                "computed": true
              },
              "name": {
                "type": "string",
                "description_kind": "plain",
                "computed": true
              },
              "runbook_base_uri": {
                "type": "string",
                "description_kind": "plain",
                "optional": true,
                "computed": true
              },
              "runner_type": {
                "type": "string",
                "description_kind": "plain",
                "computed": true
              },
              "type": {
                "type": "string",
                "description_kind": "plain",
                "computed": true
              }
            },
            "description_kind": "plain"
          }
        },
        "pagerduty_business_service": {
          "version": 0,
          "block": {
            "attributes": {
              "id": {
                "type": "string",
                "description_kind": "plain",
                "optional": true,
                "computed": true
              },
              "name": {
                "type": "string",
                "description_kind": "plain",
                "required": true
              },
              "type": {
                "type": "string",
                "description_kind": "plain",
                "computed": true
              }
            },
            "description_kind": "plain"
          }
        },
        "pagerduty_custom_field": {
          "version": 0,
          "block": {
            "attributes": {
              "datatype": {
                "type": "string",
                "description_kind": "plain",
                "computed": true
              },
              "description": {
                "type": "string",
                "description_kind": "plain",
                "computed": true
              },
              "display_name": {
                "type": "string",
                "description_kind": "plain",
                "computed": true
              },
              "fixed_options": {
                "type": "bool",
                "description_kind": "plain",
                "computed": true
              },
              "id": {
                "type": "string",
                "description_kind": "plain",
                "optional": true,
                "computed": true
              },
              "multi_value": {
                "type": "bool",
                "description_kind": "plain",
                "computed": true
              },
              "name": {
                "type": "string",
                "description_kind": "plain",
                "required": true
              }
            },
            "description_kind": "plain"
          }
        },
        "pagerduty_custom_field_schema": {
          "version": 0,
          "block": {
            "attributes": {
              "description": {
                "type": "string",
                "description_kind": "plain",
                "computed": true
              },
              "id": {
                "type": "string",
                "description_kind": "plain",
                "optional": true,
                "computed": true
              },
              "title": {
                "type": "string",
                "description_kind": "plain",
                "required": true
              }
            },
            "description_kind": "plain"
          }
        },
        "pagerduty_escalation_policy": {
          "version": 0,
          "block": {
            "attributes": {
              "id": {
                "type": "string",
                "description_kind": "plain",
                "optional": true,
                "computed": true
              },
              "name": {
                "type": "string",
                "description_kind": "plain",
                "required": true
              }
            },
            "description_kind": "plain"
          }
        },
        "pagerduty_event_orchestration": {
          "version": 0,
          "block": {
            "attributes": {
              "id": {
                "type": "string",
                "description_kind": "plain",
                "optional": true,
                "computed": true
              },
              "name": {
                "type": "string",
                "description_kind": "plain",
                "required": true
              }
            },
            "block_types": {
              "integration": {
                "nesting_mode": "list",
                "block": {
                  "attributes": {
                    "id": {
                      "type": "string",
                      "description_kind": "plain",
                      "computed": true
                    },
                    "parameters": {
                      "type": [
                        "list",
                        [
                          "object",
                          {
                            "routing_key": "string",
                            "type": "string"
                          }
                        ]
                      ],
                      "description_kind": "plain",
                      "computed": true
                    }
                  },
                  "description_kind": "plain"
                }
              }
            },
            "description_kind": "plain"
          }
        },
        "pagerduty_event_orchestrations": {
          "version": 0,
          "block": {
            "attributes": {
              "event_orchestrations": {
                "type": [
                  "list",
                  [
                    "object",
                    {
                      "id": "string",
                      "integration": [
                        "list",
                        [
                          "object",
                          {
                            "id": "string",
                            "parameters": [
                              "list",
                              [
                                "object",
                                {
                                  "routing_key": "string",
                                  "type": "string"
                                }
                              ]
                            ]
                          }
                        ]
                      ],
                      "name": "string"
                    }
                  ]
                ],
                "description_kind": "plain",
                "computed": true
              },
              "id": {
                "type": "string",
                "description_kind": "plain",
                "optional": true,
                "computed": true
              },
              "name_filter": {
                "type": "string",
                "description_kind": "plain",
                "required": true
              }
            },
            "description_kind": "plain"
          }
        },
        "pagerduty_extension_schema": {
          "version": 0,
          "block": {
            "attributes": {
              "id": {
                "type": "string",
                "description_kind": "plain",
                "optional": true,
                "computed": true
              },
              "name": {
                "type": "string",
                "description_kind": "plain",
                "required": true
              },
              "type": {
                "type": "string",
                "description_kind": "plain",
                "computed": true
              }
            },
            "description_kind": "plain"
          }
        },
        "pagerduty_incident_workflow": {
          "version": 0,
          "block": {
            "attributes": {
              "description": {
                "type": "string",
                "description_kind": "plain",
                "computed": true
              },
              "id": {
                "type": "string",
                "description_kind": "plain",
                "optional": true,
                "computed": true
              },
              "name": {
                "type": "string",
                "description_kind": "plain",
                "required": true
              }
            },
            "description_kind": "plain"
          }
        },
        "pagerduty_priority": {
          "version": 0,
          "block": {
            "attributes": {
              "description": {
                "type": "string",
                "description_kind": "plain",
                "computed": true
              },
              "id": {
                "type": "string",
                "description_kind": "plain",
                "optional": true,
                "computed": true
              },
              "name": {
                "type": "string",
                "description": "The name of the priority to find in the PagerDuty API",
                "description_kind": "plain",
                "required": true
              }
            },
            "description_kind": "plain"
          }
        },
        "pagerduty_ruleset": {
          "version": 0,
          "block": {
            "attributes": {
              "id": {
                "type": "string",
                "description_kind": "plain",
                "optional": true,
                "computed": true
              },
              "name": {
                "type": "string",
                "description_kind": "plain",
                "required": true
              },
              "routing_keys": {
                "type": [
                  "list",
                  "string"
                ],
                "description_kind": "plain",
                "computed": true
              }
            },
            "description_kind": "plain"
          }
        },
        "pagerduty_schedule": {
          "version": 0,
          "block": {
            "attributes": {
              "id": {
                "type": "string",
                "description_kind": "plain",
                "optional": true,
                "computed": true
              },
              "name": {
                "type": "string",
                "description_kind": "plain",
                "required": true
              }
            },
            "description_kind": "plain"
          }
        },
        "pagerduty_service": {
          "version": 0,
          "block": {
            "attributes": {
              "id": {
                "type": "string",
                "description_kind": "plain",
                "optional": true,
                "computed": true
              },
              "name": {
                "type": "string",
                "description_kind": "plain",
                "required": true
              },
              "type": {
                "type": "string",
                "description_kind": "plain",
                "computed": true
              }
            },
            "description_kind": "plain"
          }
        },
        "pagerduty_service_integration": {
          "version": 0,
          "block": {
            "attributes": {
              "id": {
                "type": "string",
                "description_kind": "plain",
                "optional": true,
                "computed": true
              },
              "integration_key": {
                "type": "string",
                "description_kind": "plain",
                "computed": true,
                "sensitive": true
              },
              "integration_summary": {
                "type": "string",
                "description": "examples 'Amazon CloudWatch', 'New Relic",
                "description_kind": "plain",
                "required": true
              },
              "service_name": {
                "type": "string",
                "description_kind": "plain",
                "required": true
              }
            },
            "description_kind": "plain"
          }
        },
        "pagerduty_tag": {
          "version": 0,
          "block": {
            "attributes": {
              "id": {
                "type": "string",
                "description_kind": "plain",
                "optional": true,
                "computed": true
              },
              "label": {
                "type": "string",
                "description": "The label of the tag to find in the PagerDuty API",
                "description_kind": "plain",
                "required": true
              }
            },
            "description_kind": "plain"
          }
        },
        "pagerduty_team": {
          "version": 0,
          "block": {
            "attributes": {
              "description": {
                "type": "string",
                "description_kind": "plain",
                "computed": true
              },
              "id": {
                "type": "string",
                "description_kind": "plain",
                "optional": true,
                "computed": true
              },
              "name": {
                "type": "string",
                "description": "The name of the team to find in the PagerDuty API",
                "description_kind": "plain",
                "required": true
              },
              "parent": {
                "type": "string",
                "description_kind": "plain",
                "optional": true
              }
            },
            "description_kind": "plain"
          }
        },
        "pagerduty_user": {
          "version": 0,
          "block": {
            "attributes": {
              "email": {
                "type": "string",
                "description_kind": "plain",
                "required": true
              },
              "id": {
                "type": "string",
                "description_kind": "plain",
                "optional": true,
                "computed": true
              },
              "name": {
                "type": "string",
                "description_kind": "plain",
                "computed": true
              }
            },
            "description_kind": "plain"
          }
        },
        "pagerduty_user_contact_method": {
          "version": 0,
          "block": {
            "attributes": {
              "address": {
                "type": "string",
                "description_kind": "plain",
                "computed": true
              },
              "blacklisted": {
                "type": "bool",
                "description_kind": "plain",
                "computed": true
              },
              "country_code": {
                "type": "number",
                "description_kind": "plain",
                "computed": true
              },
              "device_type": {
                "type": "string",
                "description_kind": "plain",
                "computed": true
              },
              "enabled": {
                "type": "bool",
                "description_kind": "plain",
                "computed": true
              },
              "id": {
                "type": "string",
                "description_kind": "plain",
                "optional": true,
                "computed": true
              },
              "label": {
                "type": "string",
                "description": "The name of the contact method to find in the PagerDuty API",
                "description_kind": "plain",
                "required": true
              },
              "send_short_email": {
                "type": "bool",
                "description_kind": "plain",
                "computed": true
              },
              "type": {
                "type": "string",
                "description": "The type of the contact method",
                "description_kind": "plain",
                "required": true
              },
              "user_id": {
                "type": "string",
                "description_kind": "plain",
                "required": true
              }
            },
            "description_kind": "plain"
          }
        },
        "pagerduty_users": {
          "version": 0,
          "block": {
            "attributes": {
              "id": {
                "type": "string",
                "description_kind": "plain",
                "optional": true,
                "computed": true
              },
              "team_ids": {
                "type": [
                  "list",
                  "string"
                ],
                "description_kind": "plain",
                "optional": true
              },
              "users": {
                "type": [
                  "list",
                  [
                    "object",
                    {
                      "email": "string",
                      "id": "string",
                      "name": "string"
                    }
                  ]
                ],
                "description": "List of users who are members of the team",
                "description_kind": "plain",
                "computed": true
              }
            },
            "description_kind": "plain"
          }
        },
        "pagerduty_vendor": {
          "version": 0,
          "block": {
            "attributes": {
              "id": {
                "type": "string",
                "description_kind": "plain",
                "optional": true,
                "computed": true
              },
              "name": {
                "type": "string",
                "description_kind": "plain",
                "required": true
              },
              "type": {
                "type": "string",
                "description_kind": "plain",
                "computed": true
              }
            },
            "description_kind": "plain"
          }
        }
      }
    }
  }
}
