{
  "format_version": "1.0",
  "provider_schemas": {
    "registry.terraform.io/camptocamp/pass": {
      "provider": {
        "version": 0,
        "block": {
          "description_kind": "plain"
        }
      },
      "resource_schemas": {
        "pass_password": {
          "version": 0,
          "block": {
            "attributes": {
              "body": {
                "type": "string",
                "description": "Body of the secret",
                "description_kind": "plain",
                "computed": true
              },
              "data": {
                "type": [
                  "map",
                  "string"
                ],
                "description": "Additional key-value data",
                "description_kind": "plain",
                "optional": true,
                "sensitive": true
              },
              "full": {
                "type": "string",
                "description": "Entire secret contents",
                "description_kind": "plain",
                "computed": true
              },
              "id": {
                "type": "string",
                "description_kind": "plain",
                "optional": true,
                "computed": true
              },
              "password": {
                "type": "string",
                "description": "Secret password",
                "description_kind": "plain",
                "optional": true,
                "sensitive": true
              },
              "path": {
                "type": "string",
                "description": "Full path where the pass data will be written",
                "description_kind": "plain",
                "required": true
              },
              "yaml": {
                "type": "string",
                "description": "YAML encoded data",
                "description_kind": "plain",
                "optional": true,
                "sensitive": true
              }
            },
            "description_kind": "plain"
          }
        }
      },
      "data_source_schemas": {
        "pass_password": {
          "version": 0,
          "block": {
            "attributes": {
              "body": {
                "type": "string",
                "description": "Body of the secret",
                "description_kind": "plain",
                "computed": true
              },
              "data": {
                "type": [
                  "map",
                  "string"
                ],
                "description": "Secret data",
                "description_kind": "plain",
                "computed": true
              },
              "full": {
                "type": "string",
                "description": "Entire secret contents",
                "description_kind": "plain",
                "computed": true
              },
              "id": {
                "type": "string",
                "description_kind": "plain",
                "optional": true,
                "computed": true
              },
              "password": {
                "type": "string",
                "description": "Secret password",
                "description_kind": "plain",
                "computed": true
              },
              "path": {
                "type": "string",
                "description": "Full path from which a password will be read",
                "description_kind": "plain",
                "required": true
              }
            },
            "description_kind": "plain"
          }
        }
      }
    }
  }
}
