{
  "format_version": "1.0",
  "provider_schemas": {
    "registry.terraform.io/telmate/proxmox": {
      "provider": {
        "version": 0,
        "block": {
          "attributes": {
            "pm_api_token_id": {
              "type": "string",
              "description": "API TokenID e.g. root@pam!mytesttoken",
              "description_kind": "plain",
              "optional": true
            },
            "pm_api_token_secret": {
              "type": "string",
              "description": "The secret uuid corresponding to a TokenID",
              "description_kind": "plain",
              "optional": true,
              "sensitive": true
            },
            "pm_api_url": {
              "type": "string",
              "description": "https://host.fqdn:8006/api2/json",
              "description_kind": "plain",
              "optional": true
            },
            "pm_dangerously_ignore_unknown_attributes": {
              "type": "bool",
              "description": "By default this provider will exit if an unknown attribute is found. This is to prevent the accidential destruction of VMs or Data when something in the proxmox API has changed/updated and is not confirmed to work with this provider. Set this to true at your own risk. It may allow you to proceed in cases when the provider refuses to work, but be aware of the danger in doing so.",
              "description_kind": "plain",
              "optional": true
            },
            "pm_debug": {
              "type": "bool",
              "description": "Enable or disable the verbose debug output from proxmox api",
              "description_kind": "plain",
              "optional": true
            },
            "pm_http_headers": {
              "type": "string",
              "description": "Set custom http headers e.g. Key,Value,Key1,Value1",
              "description_kind": "plain",
              "optional": true
            },
            "pm_log_enable": {
              "type": "bool",
              "description": "Enable provider logging to get proxmox API logs",
              "description_kind": "plain",
              "optional": true
            },
            "pm_log_file": {
              "type": "string",
              "description": "Write logs to this specific file",
              "description_kind": "plain",
              "optional": true
            },
            "pm_log_levels": {
              "type": [
                "map",
                "string"
              ],
              "description": "Configure the logging level to display; trace, debug, info, warn, etc",
              "description_kind": "plain",
              "optional": true
            },
            "pm_otp": {
              "type": "string",
              "description": "OTP 2FA code (if required)",
              "description_kind": "plain",
              "optional": true
            },
            "pm_parallel": {
              "type": "number",
              "description_kind": "plain",
              "optional": true
            },
            "pm_password": {
              "type": "string",
              "description": "Password to authenticate into proxmox",
              "description_kind": "plain",
              "optional": true,
              "sensitive": true
            },
            "pm_proxy_server": {
              "type": "string",
              "description": "Proxy Server passed to Api client(useful for debugging). Syntax: http://proxy:port",
              "description_kind": "plain",
              "optional": true
            },
            "pm_timeout": {
              "type": "number",
              "description": "How many seconds to wait for operations for both provider and api-client, default is 20m",
              "description_kind": "plain",
              "optional": true
            },
            "pm_tls_insecure": {
              "type": "bool",
              "description": "By default, every TLS connection is verified to be secure. This option allows terraform to proceed and operate on servers considered insecure. For example if you're connecting to a remote host and you do not have the CA cert that issued the proxmox api url's certificate.",
              "description_kind": "plain",
              "optional": true
            },
            "pm_user": {
              "type": "string",
              "description": "Username e.g. myuser or myuser@pam",
              "description_kind": "plain",
              "optional": true
            }
          },
          "description_kind": "plain"
        }
      },
      "resource_schemas": {
        "proxmox_lxc": {
          "version": 0,
          "block": {
            "attributes": {
              "arch": {
                "type": "string",
                "description_kind": "plain",
                "optional": true
              },
              "bwlimit": {
                "type": "number",
                "description_kind": "plain",
                "optional": true
              },
              "clone": {
                "type": "string",
                "description_kind": "plain",
                "optional": true
              },
              "clone_storage": {
                "type": "string",
                "description_kind": "plain",
                "optional": true
              },
              "cmode": {
                "type": "string",
                "description_kind": "plain",
                "optional": true
              },
              "console": {
                "type": "bool",
                "description_kind": "plain",
                "optional": true
              },
              "cores": {
                "type": "number",
                "description_kind": "plain",
                "optional": true
              },
              "cpulimit": {
                "type": "number",
                "description_kind": "plain",
                "optional": true
              },
              "cpuunits": {
                "type": "number",
                "description_kind": "plain",
                "optional": true
              },
              "description": {
                "type": "string",
                "description_kind": "plain",
                "optional": true
              },
              "force": {
                "type": "bool",
                "description_kind": "plain",
                "optional": true
              },
              "full": {
                "type": "bool",
                "description_kind": "plain",
                "optional": true
              },
              "hagroup": {
                "type": "string",
                "description_kind": "plain",
                "optional": true
              },
              "hastate": {
                "type": "string",
                "description_kind": "plain",
                "optional": true
              },
              "hookscript": {
                "type": "string",
                "description_kind": "plain",
                "optional": true
              },
              "hostname": {
                "type": "string",
                "description_kind": "plain",
                "optional": true
              },
              "id": {
                "type": "string",
                "description_kind": "plain",
                "optional": true,
                "computed": true
              },
              "ignore_unpack_errors": {
                "type": "bool",
                "description_kind": "plain",
                "optional": true
              },
              "lock": {
                "type": "string",
                "description_kind": "plain",
                "optional": true
              },
              "memory": {
                "type": "number",
                "description_kind": "plain",
                "optional": true
              },
              "nameserver": {
                "type": "string",
                "description_kind": "plain",
                "optional": true
              },
              "onboot": {
                "type": "bool",
                "description_kind": "plain",
                "optional": true
              },
              "ostemplate": {
                "type": "string",
                "description_kind": "plain",
                "optional": true
              },
              "ostype": {
                "type": "string",
                "description_kind": "plain",
                "optional": true,
                "computed": true
              },
              "password": {
                "type": "string",
                "description_kind": "plain",
                "optional": true,
                "sensitive": true
              },
              "pool": {
                "type": "string",
                "description_kind": "plain",
                "optional": true
              },
              "protection": {
                "type": "bool",
                "description_kind": "plain",
                "optional": true
              },
              "restore": {
                "type": "bool",
                "description_kind": "plain",
                "optional": true
              },
              "searchdomain": {
                "type": "string",
                "description_kind": "plain",
                "optional": true
              },
              "ssh_public_keys": {
                "type": "string",
                "description_kind": "plain",
                "optional": true
              },
              "start": {
                "type": "bool",
                "description_kind": "plain",
                "optional": true
              },
              "startup": {
                "type": "string",
                "description_kind": "plain",
                "optional": true
              },
              "swap": {
                "type": "number",
                "description_kind": "plain",
                "optional": true
              },
              "tags": {
                "type": "string",
                "description_kind": "plain",
                "optional": true
              },
              "target_node": {
                "type": "string",
                "description_kind": "plain",
                "required": true
              },
              "template": {
                "type": "bool",
                "description_kind": "plain",
                "optional": true
              },
              "tty": {
                "type": "number",
                "description_kind": "plain",
                "optional": true
              },
              "unique": {
                "type": "bool",
                "description_kind": "plain",
                "optional": true
              },
              "unprivileged": {
                "type": "bool",
                "description_kind": "plain",
                "optional": true
              },
              "unused": {
                "type": [
                  "list",
                  "string"
                ],
                "description_kind": "plain",
                "computed": true
              },
              "vmid": {
                "type": "number",
                "description": "The VM identifier in proxmox (100-999999999)",
                "description_kind": "plain",
                "optional": true,
                "computed": true
              }
            },
            "block_types": {
              "features": {
                "nesting_mode": "set",
                "block": {
                  "attributes": {
                    "fuse": {
                      "type": "bool",
                      "description_kind": "plain",
                      "optional": true
                    },
                    "keyctl": {
                      "type": "bool",
                      "description_kind": "plain",
                      "optional": true
                    },
                    "mknod": {
                      "type": "bool",
                      "description_kind": "plain",
                      "optional": true
                    },
                    "mount": {
                      "type": "string",
                      "description_kind": "plain",
                      "optional": true
                    },
                    "nesting": {
                      "type": "bool",
                      "description_kind": "plain",
                      "optional": true
                    }
                  },
                  "description_kind": "plain"
                },
                "max_items": 1
              },
              "mountpoint": {
                "nesting_mode": "list",
                "block": {
                  "attributes": {
                    "acl": {
                      "type": "bool",
                      "description_kind": "plain",
                      "optional": true
                    },
                    "backup": {
                      "type": "bool",
                      "description_kind": "plain",
                      "optional": true
                    },
                    "file": {
                      "type": "string",
                      "description_kind": "plain",
                      "optional": true,
                      "computed": true
                    },
                    "key": {
                      "type": "string",
                      "description_kind": "plain",
                      "required": true
                    },
                    "mp": {
                      "type": "string",
                      "description_kind": "plain",
                      "required": true
                    },
                    "quota": {
                      "type": "bool",
                      "description_kind": "plain",
                      "optional": true
                    },
                    "replicate": {
                      "type": "bool",
                      "description_kind": "plain",
                      "optional": true
                    },
                    "shared": {
                      "type": "bool",
                      "description_kind": "plain",
                      "optional": true
                    },
                    "size": {
                      "type": "string",
                      "description_kind": "plain",
                      "required": true
                    },
                    "slot": {
                      "type": "number",
                      "description_kind": "plain",
                      "required": true
                    },
                    "storage": {
                      "type": "string",
                      "description_kind": "plain",
                      "required": true
                    },
                    "volume": {
                      "type": "string",
                      "description_kind": "plain",
                      "optional": true,
                      "computed": true
                    }
                  },
                  "description_kind": "plain"
                }
              },
              "network": {
                "nesting_mode": "list",
                "block": {
                  "attributes": {
                    "bridge": {
                      "type": "string",
                      "description_kind": "plain",
                      "optional": true
                    },
                    "firewall": {
                      "type": "bool",
                      "description_kind": "plain",
                      "optional": true
                    },
                    "gw": {
                      "type": "string",
                      "description_kind": "plain",
                      "optional": true
                    },
                    "gw6": {
                      "type": "string",
                      "description_kind": "plain",
                      "optional": true
                    },
                    "hwaddr": {
                      "type": "string",
                      "description_kind": "plain",
                      "optional": true,
                      "computed": true
                    },
                    "ip": {
                      "type": "string",
                      "description_kind": "plain",
                      "optional": true
                    },
                    "ip6": {
                      "type": "string",
                      "description_kind": "plain",
                      "optional": true
                    },
                    "mtu": {
                      "type": "number",
                      "description_kind": "plain",
                      "optional": true
                    },
                    "name": {
                      "type": "string",
                      "description_kind": "plain",
                      "required": true
                    },
                    "rate": {
                      "type": "number",
                      "description_kind": "plain",
                      "optional": true
                    },
                    "tag": {
                      "type": "number",
                      "description_kind": "plain",
                      "optional": true,
                      "computed": true
                    },
                    "trunks": {
                      "type": "string",
                      "description_kind": "plain",
                      "optional": true,
                      "computed": true
                    },
                    "type": {
                      "type": "string",
                      "description_kind": "plain",
                      "optional": true,
                      "computed": true
                    }
                  },
                  "description_kind": "plain"
                }
              },
              "rootfs": {
                "nesting_mode": "list",
                "block": {
                  "attributes": {
                    "acl": {
                      "type": "bool",
                      "description_kind": "plain",
                      "optional": true
                    },
                    "quota": {
                      "type": "bool",
                      "description_kind": "plain",
                      "optional": true
                    },
                    "replicate": {
                      "type": "bool",
                      "description_kind": "plain",
                      "optional": true
                    },
                    "ro": {
                      "type": "bool",
                      "description_kind": "plain",
                      "optional": true
                    },
                    "shared": {
                      "type": "bool",
                      "description_kind": "plain",
                      "optional": true
                    },
                    "size": {
                      "type": "string",
                      "description_kind": "plain",
                      "required": true
                    },
                    "storage": {
                      "type": "string",
                      "description_kind": "plain",
                      "required": true
                    },
                    "volume": {
                      "type": "string",
                      "description_kind": "plain",
                      "computed": true
                    }
                  },
                  "description_kind": "plain"
                },
                "max_items": 1
              },
              "timeouts": {
                "nesting_mode": "single",
                "block": {
                  "attributes": {
                    "create": {
                      "type": "string",
                      "description_kind": "plain",
                      "optional": true
                    },
                    "default": {
                      "type": "string",
                      "description_kind": "plain",
                      "optional": true
                    },
                    "delete": {
                      "type": "string",
                      "description_kind": "plain",
                      "optional": true
                    },
                    "read": {
                      "type": "string",
                      "description_kind": "plain",
                      "optional": true
                    },
                    "update": {
                      "type": "string",
                      "description_kind": "plain",
                      "optional": true
                    }
                  },
                  "description_kind": "plain"
                }
              }
            },
            "description_kind": "plain"
          }
        },
        "proxmox_lxc_disk": {
          "version": 0,
          "block": {
            "attributes": {
              "acl": {
                "type": "bool",
                "description_kind": "plain",
                "optional": true
              },
              "backup": {
                "type": "bool",
                "description_kind": "plain",
                "optional": true
              },
              "container": {
                "type": "string",
                "description_kind": "plain",
                "required": true
              },
              "id": {
                "type": "string",
                "description_kind": "plain",
                "optional": true,
                "computed": true
              },
              "mp": {
                "type": "string",
                "description_kind": "plain",
                "required": true
              },
              "quota": {
                "type": "bool",
                "description_kind": "plain",
                "optional": true
              },
              "replicate": {
                "type": "bool",
                "description_kind": "plain",
                "optional": true
              },
              "shared": {
                "type": "bool",
                "description_kind": "plain",
                "optional": true
              },
              "size": {
                "type": "string",
                "description_kind": "plain",
                "required": true
              },
              "slot": {
                "type": "number",
                "description_kind": "plain",
                "required": true
              },
              "storage": {
                "type": "string",
                "description_kind": "plain",
                "required": true
              },
              "volume": {
                "type": "string",
                "description_kind": "plain",
                "optional": true,
                "computed": true
              }
            },
            "block_types": {
              "mountoptions": {
                "nesting_mode": "list",
                "block": {
                  "attributes": {
                    "noatime": {
                      "type": "bool",
                      "description_kind": "plain",
                      "optional": true
                    },
                    "nodev": {
                      "type": "bool",
                      "description_kind": "plain",
                      "optional": true
                    },
                    "noexec": {
                      "type": "string",
                      "description_kind": "plain",
                      "optional": true
                    },
                    "nosuid": {
                      "type": "bool",
                      "description_kind": "plain",
                      "optional": true
                    }
                  },
                  "description_kind": "plain"
                },
                "max_items": 1
              },
              "timeouts": {
                "nesting_mode": "single",
                "block": {
                  "attributes": {
                    "create": {
                      "type": "string",
                      "description_kind": "plain",
                      "optional": true
                    },
                    "default": {
                      "type": "string",
                      "description_kind": "plain",
                      "optional": true
                    },
                    "delete": {
                      "type": "string",
                      "description_kind": "plain",
                      "optional": true
                    },
                    "read": {
                      "type": "string",
                      "description_kind": "plain",
                      "optional": true
                    },
                    "update": {
                      "type": "string",
                      "description_kind": "plain",
                      "optional": true
                    }
                  },
                  "description_kind": "plain"
                }
              }
            },
            "description_kind": "plain"
          }
        },
        "proxmox_pool": {
          "version": 0,
          "block": {
            "attributes": {
              "comment": {
                "type": "string",
                "description_kind": "plain",
                "optional": true
              },
              "id": {
                "type": "string",
                "description_kind": "plain",
                "optional": true,
                "computed": true
              },
              "poolid": {
                "type": "string",
                "description_kind": "plain",
                "required": true
              }
            },
            "block_types": {
              "timeouts": {
                "nesting_mode": "single",
                "block": {
                  "attributes": {
                    "create": {
                      "type": "string",
                      "description_kind": "plain",
                      "optional": true
                    },
                    "default": {
                      "type": "string",
                      "description_kind": "plain",
                      "optional": true
                    },
                    "delete": {
                      "type": "string",
                      "description_kind": "plain",
                      "optional": true
                    },
                    "read": {
                      "type": "string",
                      "description_kind": "plain",
                      "optional": true
                    },
                    "update": {
                      "type": "string",
                      "description_kind": "plain",
                      "optional": true
                    }
                  },
                  "description_kind": "plain"
                }
              }
            },
            "description_kind": "plain"
          }
        },
        "proxmox_vm_qemu": {
          "version": 0,
          "block": {
            "attributes": {
              "additional_wait": {
                "type": "number",
                "description": "Value in second to wait after some operations, useful if system is not fast or during I/O intensive parallel terraform tasks",
                "description_kind": "plain",
                "optional": true
              },
              "agent": {
                "type": "number",
                "description_kind": "plain",
                "optional": true
              },
              "args": {
                "type": "string",
                "description_kind": "plain",
                "optional": true
              },
              "automatic_reboot": {
                "type": "bool",
                "description": "Automatically reboot the VM if any of the modified parameters requires a reboot to take effect.",
                "description_kind": "plain",
                "optional": true
              },
              "balloon": {
                "type": "number",
                "description_kind": "plain",
                "optional": true
              },
              "bios": {
                "type": "string",
                "description": "The VM bios, it can be seabios or ovmf",
                "description_kind": "plain",
                "optional": true
              },
              "boot": {
                "type": "string",
                "description": "Boot order of the VM",
                "description_kind": "plain",
                "optional": true,
                "computed": true
              },
              "bootdisk": {
                "type": "string",
                "description_kind": "plain",
                "optional": true,
                "computed": true
              },
              "bridge": {
                "type": "string",
                "description_kind": "plain",
                "deprecated": true,
                "optional": true
              },
              "ci_wait": {
                "type": "number",
                "description_kind": "plain",
                "optional": true
              },
              "cicustom": {
                "type": "string",
                "description_kind": "plain",
                "optional": true
              },
              "cipassword": {
                "type": "string",
                "description_kind": "plain",
                "optional": true,
                "sensitive": true
              },
              "ciuser": {
                "type": "string",
                "description_kind": "plain",
                "optional": true
              },
              "clone": {
                "type": "string",
                "description_kind": "plain",
                "optional": true
              },
              "clone_wait": {
                "type": "number",
                "description": "Value in second to wait after a VM has been cloned, useful if system is not fast or during I/O intensive parallel terraform tasks",
                "description_kind": "plain",
                "optional": true
              },
              "cloudinit_cdrom_storage": {
                "type": "string",
                "description_kind": "plain",
                "optional": true
              },
              "cores": {
                "type": "number",
                "description_kind": "plain",
                "optional": true
              },
              "cpu": {
                "type": "string",
                "description_kind": "plain",
                "optional": true
              },
              "default_ipv4_address": {
                "type": "string",
                "description": "Use to track vm ipv4 address",
                "description_kind": "plain",
                "computed": true
              },
              "define_connection_info": {
                "type": "bool",
                "description": "By default define SSH for provisioner info",
                "description_kind": "plain",
                "optional": true
              },
              "desc": {
                "type": "string",
                "description": "The VM description",
                "description_kind": "plain",
                "optional": true
              },
              "disk_gb": {
                "type": "number",
                "description_kind": "plain",
                "deprecated": true,
                "optional": true
              },
              "force_create": {
                "type": "bool",
                "description_kind": "plain",
                "optional": true
              },
              "force_recreate_on_change_of": {
                "type": "string",
                "description_kind": "plain",
                "optional": true
              },
              "full_clone": {
                "type": "bool",
                "description_kind": "plain",
                "optional": true
              },
              "guest_agent_ready_timeout": {
                "type": "number",
                "description_kind": "plain",
                "deprecated": true,
                "optional": true
              },
              "hagroup": {
                "type": "string",
                "description_kind": "plain",
                "optional": true
              },
              "hastate": {
                "type": "string",
                "description_kind": "plain",
                "optional": true
              },
              "hotplug": {
                "type": "string",
                "description_kind": "plain",
                "optional": true
              },
              "id": {
                "type": "string",
                "description_kind": "plain",
                "optional": true,
                "computed": true
              },
              "ipconfig0": {
                "type": "string",
                "description_kind": "plain",
                "optional": true
              },
              "ipconfig1": {
                "type": "string",
                "description_kind": "plain",
                "optional": true
              },
              "ipconfig10": {
                "type": "string",
                "description_kind": "plain",
                "optional": true
              },
              "ipconfig11": {
                "type": "string",
                "description_kind": "plain",
                "optional": true
              },
              "ipconfig12": {
                "type": "string",
                "description_kind": "plain",
                "optional": true
              },
              "ipconfig13": {
                "type": "string",
                "description_kind": "plain",
                "optional": true
              },
              "ipconfig14": {
                "type": "string",
                "description_kind": "plain",
                "optional": true
              },
              "ipconfig15": {
                "type": "string",
                "description_kind": "plain",
                "optional": true
              },
              "ipconfig2": {
                "type": "string",
                "description_kind": "plain",
                "optional": true
              },
              "ipconfig3": {
                "type": "string",
                "description_kind": "plain",
                "optional": true
              },
              "ipconfig4": {
                "type": "string",
                "description_kind": "plain",
                "optional": true
              },
              "ipconfig5": {
                "type": "string",
                "description_kind": "plain",
                "optional": true
              },
              "ipconfig6": {
                "type": "string",
                "description_kind": "plain",
                "optional": true
              },
              "ipconfig7": {
                "type": "string",
                "description_kind": "plain",
                "optional": true
              },
              "ipconfig8": {
                "type": "string",
                "description_kind": "plain",
                "optional": true
              },
              "ipconfig9": {
                "type": "string",
                "description_kind": "plain",
                "optional": true
              },
              "iso": {
                "type": "string",
                "description_kind": "plain",
                "optional": true
              },
              "kvm": {
                "type": "bool",
                "description_kind": "plain",
                "optional": true
              },
              "mac": {
                "type": "string",
                "description_kind": "plain",
                "deprecated": true,
                "optional": true
              },
              "machine": {
                "type": "string",
                "description": "Specifies the Qemu machine type.",
                "description_kind": "plain",
                "optional": true
              },
              "memory": {
                "type": "number",
                "description_kind": "plain",
                "optional": true
              },
              "name": {
                "type": "string",
                "description": "The VM name",
                "description_kind": "plain",
                "optional": true
              },
              "nameserver": {
                "type": "string",
                "description_kind": "plain",
                "optional": true,
                "computed": true
              },
              "nic": {
                "type": "string",
                "description_kind": "plain",
                "deprecated": true,
                "optional": true
              },
              "numa": {
                "type": "bool",
                "description_kind": "plain",
                "optional": true
              },
              "onboot": {
                "type": "bool",
                "description": "VM autostart on boot",
                "description_kind": "plain",
                "optional": true
              },
              "oncreate": {
                "type": "bool",
                "description": "VM autostart on create",
                "description_kind": "plain",
                "optional": true
              },
              "os_network_config": {
                "type": "string",
                "description_kind": "plain",
                "optional": true
              },
              "os_type": {
                "type": "string",
                "description_kind": "plain",
                "optional": true
              },
              "pool": {
                "type": "string",
                "description_kind": "plain",
                "optional": true
              },
              "preprovision": {
                "type": "bool",
                "description_kind": "plain",
                "deprecated": true,
                "optional": true
              },
              "pxe": {
                "type": "bool",
                "description_kind": "plain",
                "optional": true
              },
              "qemu_os": {
                "type": "string",
                "description_kind": "plain",
                "optional": true
              },
              "reboot_required": {
                "type": "bool",
                "description": "Internal variable, true if any of the modified parameters requires a reboot to take effect.",
                "description_kind": "plain",
                "computed": true
              },
              "scsihw": {
                "type": "string",
                "description_kind": "plain",
                "optional": true
              },
              "searchdomain": {
                "type": "string",
                "description_kind": "plain",
                "optional": true,
                "computed": true
              },
              "sockets": {
                "type": "number",
                "description_kind": "plain",
                "optional": true
              },
              "ssh_forward_ip": {
                "type": "string",
                "description": "Use to pass instance ip address, redundant",
                "description_kind": "plain",
                "optional": true
              },
              "ssh_host": {
                "type": "string",
                "description_kind": "plain",
                "computed": true
              },
              "ssh_port": {
                "type": "string",
                "description_kind": "plain",
                "computed": true
              },
              "ssh_private_key": {
                "type": "string",
                "description_kind": "plain",
                "optional": true,
                "sensitive": true
              },
              "ssh_user": {
                "type": "string",
                "description_kind": "plain",
                "optional": true
              },
              "sshkeys": {
                "type": "string",
                "description_kind": "plain",
                "optional": true
              },
              "startup": {
                "type": "string",
                "description": "Startup order of the VM",
                "description_kind": "plain",
                "optional": true
              },
              "storage": {
                "type": "string",
                "description_kind": "plain",
                "deprecated": true,
                "optional": true
              },
              "storage_type": {
                "type": "string",
                "description_kind": "plain",
                "deprecated": true,
                "optional": true
              },
              "tablet": {
                "type": "bool",
                "description": "Enable tablet mode in the VM",
                "description_kind": "plain",
                "optional": true
              },
              "tags": {
                "type": "string",
                "description_kind": "plain",
                "optional": true
              },
              "target_node": {
                "type": "string",
                "description": "The node where VM goes to",
                "description_kind": "plain",
                "required": true
              },
              "unused_disk": {
                "type": [
                  "list",
                  [
                    "object",
                    {
                      "file": "string",
                      "slot": "number",
                      "storage": "string"
                    }
                  ]
                ],
                "description": "Record unused disks in proxmox. This is intended to be read-only for now.",
                "description_kind": "plain",
                "computed": true
              },
              "vcpus": {
                "type": "number",
                "description_kind": "plain",
                "optional": true
              },
              "vlan": {
                "type": "number",
                "description_kind": "plain",
                "deprecated": true,
                "optional": true
              },
              "vmid": {
                "type": "number",
                "description": "The VM identifier in proxmox (100-999999999)",
                "description_kind": "plain",
                "optional": true,
                "computed": true
              }
            },
            "block_types": {
              "disk": {
                "nesting_mode": "list",
                "block": {
                  "attributes": {
                    "aio": {
                      "type": "string",
                      "description_kind": "plain",
                      "optional": true
                    },
                    "backup": {
                      "type": "bool",
                      "description_kind": "plain",
                      "optional": true
                    },
                    "cache": {
                      "type": "string",
                      "description_kind": "plain",
                      "optional": true
                    },
                    "discard": {
                      "type": "string",
                      "description_kind": "plain",
                      "optional": true
                    },
                    "file": {
                      "type": "string",
                      "description_kind": "plain",
                      "optional": true,
                      "computed": true
                    },
                    "format": {
                      "type": "string",
                      "description_kind": "plain",
                      "optional": true,
                      "computed": true
                    },
                    "iops": {
                      "type": "number",
                      "description_kind": "plain",
                      "optional": true
                    },
                    "iops_max": {
                      "type": "number",
                      "description_kind": "plain",
                      "optional": true
                    },
                    "iops_max_length": {
                      "type": "number",
                      "description_kind": "plain",
                      "optional": true
                    },
                    "iops_rd": {
                      "type": "number",
                      "description_kind": "plain",
                      "optional": true
                    },
                    "iops_rd_max": {
                      "type": "number",
                      "description_kind": "plain",
                      "optional": true
                    },
                    "iops_rd_max_length": {
                      "type": "number",
                      "description_kind": "plain",
                      "optional": true
                    },
                    "iops_wr": {
                      "type": "number",
                      "description_kind": "plain",
                      "optional": true
                    },
                    "iops_wr_max": {
                      "type": "number",
                      "description_kind": "plain",
                      "optional": true
                    },
                    "iops_wr_max_length": {
                      "type": "number",
                      "description_kind": "plain",
                      "optional": true
                    },
                    "iothread": {
                      "type": "number",
                      "description_kind": "plain",
                      "optional": true
                    },
                    "mbps": {
                      "type": "number",
                      "description_kind": "plain",
                      "optional": true
                    },
                    "mbps_rd": {
                      "type": "number",
                      "description_kind": "plain",
                      "optional": true
                    },
                    "mbps_rd_max": {
                      "type": "number",
                      "description_kind": "plain",
                      "optional": true
                    },
                    "mbps_wr": {
                      "type": "number",
                      "description_kind": "plain",
                      "optional": true
                    },
                    "mbps_wr_max": {
                      "type": "number",
                      "description_kind": "plain",
                      "optional": true
                    },
                    "media": {
                      "type": "string",
                      "description_kind": "plain",
                      "optional": true,
                      "computed": true
                    },
                    "replicate": {
                      "type": "number",
                      "description_kind": "plain",
                      "optional": true
                    },
                    "size": {
                      "type": "string",
                      "description_kind": "plain",
                      "required": true
                    },
                    "slot": {
                      "type": "number",
                      "description_kind": "plain",
                      "optional": true,
                      "computed": true
                    },
                    "ssd": {
                      "type": "number",
                      "description_kind": "plain",
                      "optional": true
                    },
                    "storage": {
                      "type": "string",
                      "description_kind": "plain",
                      "required": true
                    },
                    "storage_type": {
                      "type": "string",
                      "description_kind": "plain",
                      "computed": true
                    },
                    "type": {
                      "type": "string",
                      "description_kind": "plain",
                      "required": true
                    },
                    "volume": {
                      "type": "string",
                      "description_kind": "plain",
                      "optional": true,
                      "computed": true
                    }
                  },
                  "description_kind": "plain"
                }
              },
              "hostpci": {
                "nesting_mode": "list",
                "block": {
                  "attributes": {
                    "host": {
                      "type": "string",
                      "description_kind": "plain",
                      "optional": true
                    },
                    "pcie": {
                      "type": "number",
                      "description_kind": "plain",
                      "optional": true
                    },
                    "rombar": {
                      "type": "number",
                      "description_kind": "plain",
                      "optional": true
                    }
                  },
                  "description_kind": "plain"
                }
              },
              "network": {
                "nesting_mode": "list",
                "block": {
                  "attributes": {
                    "bridge": {
                      "type": "string",
                      "description_kind": "plain",
                      "optional": true
                    },
                    "firewall": {
                      "type": "bool",
                      "description_kind": "plain",
                      "optional": true
                    },
                    "link_down": {
                      "type": "bool",
                      "description_kind": "plain",
                      "optional": true
                    },
                    "macaddr": {
                      "type": "string",
                      "description_kind": "plain",
                      "optional": true,
                      "computed": true
                    },
                    "model": {
                      "type": "string",
                      "description_kind": "plain",
                      "required": true
                    },
                    "mtu": {
                      "type": "number",
                      "description_kind": "plain",
                      "optional": true
                    },
                    "queues": {
                      "type": "number",
                      "description_kind": "plain",
                      "optional": true,
                      "computed": true
                    },
                    "rate": {
                      "type": "number",
                      "description_kind": "plain",
                      "optional": true,
                      "computed": true
                    },
                    "tag": {
                      "type": "number",
                      "description": "VLAN tag.",
                      "description_kind": "plain",
                      "optional": true
                    }
                  },
                  "description_kind": "plain"
                }
              },
              "serial": {
                "nesting_mode": "set",
                "block": {
                  "attributes": {
                    "id": {
                      "type": "number",
                      "description_kind": "plain",
                      "required": true
                    },
                    "type": {
                      "type": "string",
                      "description_kind": "plain",
                      "required": true
                    }
                  },
                  "description_kind": "plain"
                }
              },
              "timeouts": {
                "nesting_mode": "single",
                "block": {
                  "attributes": {
                    "create": {
                      "type": "string",
                      "description_kind": "plain",
                      "optional": true
                    },
                    "default": {
                      "type": "string",
                      "description_kind": "plain",
                      "optional": true
                    },
                    "delete": {
                      "type": "string",
                      "description_kind": "plain",
                      "optional": true
                    },
                    "read": {
                      "type": "string",
                      "description_kind": "plain",
                      "optional": true
                    },
                    "update": {
                      "type": "string",
                      "description_kind": "plain",
                      "optional": true
                    }
                  },
                  "description_kind": "plain"
                }
              },
              "usb": {
                "nesting_mode": "list",
                "block": {
                  "attributes": {
                    "host": {
                      "type": "string",
                      "description_kind": "plain",
                      "required": true
                    },
                    "usb3": {
                      "type": "bool",
                      "description_kind": "plain",
                      "optional": true
                    }
                  },
                  "description_kind": "plain"
                }
              },
              "vga": {
                "nesting_mode": "set",
                "block": {
                  "attributes": {
                    "memory": {
                      "type": "number",
                      "description_kind": "plain",
                      "optional": true
                    },
                    "type": {
                      "type": "string",
                      "description_kind": "plain",
                      "optional": true
                    }
                  },
                  "description_kind": "plain"
                }
              }
            },
            "description_kind": "plain"
          }
        }
      }
    }
  }
}
