{
  "format_version": "1.0",
  "provider_schemas": {
    "registry.terraform.io/tenstad/remote": {
      "provider": {
        "version": 0,
        "block": {
          "attributes": {
            "max_sessions": {
              "type": "number",
              "description": "Maximum number of open sessions in each host connection. Defaults to `3`.",
              "description_kind": "markdown",
              "optional": true
            }
          },
          "block_types": {
            "conn": {
              "nesting_mode": "list",
              "block": {
                "attributes": {
                  "agent": {
                    "type": "bool",
                    "description": "Use a local SSH agent to login to the remote host. Defaults to `false`.",
                    "description_kind": "markdown",
                    "optional": true
                  },
                  "host": {
                    "type": "string",
                    "description": "The remote host.",
                    "description_kind": "markdown",
                    "required": true
                  },
                  "password": {
                    "type": "string",
                    "description": "The pasword for the user on the remote host.",
                    "description_kind": "markdown",
                    "optional": true,
                    "sensitive": true
                  },
                  "port": {
                    "type": "number",
                    "description": "The ssh port on the remote host. Defaults to `22`.",
                    "description_kind": "markdown",
                    "optional": true
                  },
                  "private_key": {
                    "type": "string",
                    "description": "The private key used to login to the remote host.",
                    "description_kind": "markdown",
                    "optional": true,
                    "sensitive": true
                  },
                  "private_key_env_var": {
                    "type": "string",
                    "description": "The name of the local environment variable containing the private key used to login to the remote host.",
                    "description_kind": "markdown",
                    "optional": true
                  },
                  "private_key_path": {
                    "type": "string",
                    "description": "The local path to the private key used to login to the remote host.",
                    "description_kind": "markdown",
                    "optional": true
                  },
                  "sudo": {
                    "type": "bool",
                    "description": "Use sudo to gain access to file. Defaults to `false`.",
                    "description_kind": "markdown",
                    "optional": true
                  },
                  "timeout": {
                    "type": "number",
                    "description": "The maximum amount of time, in milliseconds, for the TCP connection to establish. Timeout of zero means no timeout.",
                    "description_kind": "markdown",
                    "optional": true
                  },
                  "user": {
                    "type": "string",
                    "description": "The user on the remote host.",
                    "description_kind": "markdown",
                    "required": true
                  }
                },
                "description": "Default connection to host where files are located. Can be overridden in resources and data sources.",
                "description_kind": "markdown"
              },
              "max_items": 1
            }
          },
          "description_kind": "plain"
        }
      },
      "resource_schemas": {
        "remote_file": {
          "version": 0,
          "block": {
            "attributes": {
              "content": {
                "type": "string",
                "description": "Content of file.",
                "description_kind": "markdown",
                "required": true
              },
              "group": {
                "type": "string",
                "description": "Group ID (GID) of file owner. Mutually exclusive with `group_name`.",
                "description_kind": "markdown",
                "optional": true
              },
              "group_name": {
                "type": "string",
                "description": "Group name of file owner. Mutually exclusive with `group`.",
                "description_kind": "markdown",
                "optional": true
              },
              "id": {
                "type": "string",
                "description_kind": "plain",
                "optional": true,
                "computed": true
              },
              "owner": {
                "type": "string",
                "description": "User ID (UID) of file owner. Mutually exclusive with `owner_name`.",
                "description_kind": "markdown",
                "optional": true
              },
              "owner_name": {
                "type": "string",
                "description": "User name of file owner. Mutually exclusive with `owner`.",
                "description_kind": "markdown",
                "optional": true
              },
              "path": {
                "type": "string",
                "description": "Path to file on remote host.",
                "description_kind": "markdown",
                "required": true
              },
              "permissions": {
                "type": "string",
                "description": "Permissions of file (in octal form). Defaults to `0644`.",
                "description_kind": "markdown",
                "optional": true
              }
            },
            "block_types": {
              "conn": {
                "nesting_mode": "list",
                "block": {
                  "attributes": {
                    "agent": {
                      "type": "bool",
                      "description": "Use a local SSH agent to login to the remote host. Defaults to `false`.",
                      "description_kind": "markdown",
                      "optional": true
                    },
                    "host": {
                      "type": "string",
                      "description": "The remote host.",
                      "description_kind": "markdown",
                      "required": true
                    },
                    "password": {
                      "type": "string",
                      "description": "The pasword for the user on the remote host.",
                      "description_kind": "markdown",
                      "optional": true,
                      "sensitive": true
                    },
                    "port": {
                      "type": "number",
                      "description": "The ssh port on the remote host. Defaults to `22`.",
                      "description_kind": "markdown",
                      "optional": true
                    },
                    "private_key": {
                      "type": "string",
                      "description": "The private key used to login to the remote host.",
                      "description_kind": "markdown",
                      "optional": true,
                      "sensitive": true
                    },
                    "private_key_env_var": {
                      "type": "string",
                      "description": "The name of the local environment variable containing the private key used to login to the remote host.",
                      "description_kind": "markdown",
                      "optional": true
                    },
                    "private_key_path": {
                      "type": "string",
                      "description": "The local path to the private key used to login to the remote host.",
                      "description_kind": "markdown",
                      "optional": true
                    },
                    "sudo": {
                      "type": "bool",
                      "description": "Use sudo to gain access to file. Defaults to `false`.",
                      "description_kind": "markdown",
                      "optional": true
                    },
                    "timeout": {
                      "type": "number",
                      "description": "The maximum amount of time, in milliseconds, for the TCP connection to establish. Timeout of zero means no timeout.",
                      "description_kind": "markdown",
                      "optional": true
                    },
                    "user": {
                      "type": "string",
                      "description": "The user on the remote host.",
                      "description_kind": "markdown",
                      "required": true
                    }
                  },
                  "description": "Connection to host where files are located.",
                  "description_kind": "markdown"
                },
                "max_items": 1
              }
            },
            "description": "File on remote host.",
            "description_kind": "markdown"
          }
        }
      },
      "data_source_schemas": {
        "remote_file": {
          "version": 0,
          "block": {
            "attributes": {
              "content": {
                "type": "string",
                "description": "Content of file.",
                "description_kind": "markdown",
                "computed": true
              },
              "group": {
                "type": "string",
                "description": "Group ID (GID) of file owner.",
                "description_kind": "markdown",
                "computed": true
              },
              "group_name": {
                "type": "string",
                "description": "Group name of file owner.",
                "description_kind": "markdown",
                "computed": true
              },
              "id": {
                "type": "string",
                "description_kind": "plain",
                "optional": true,
                "computed": true
              },
              "owner": {
                "type": "string",
                "description": "User ID (UID) of file owner.",
                "description_kind": "markdown",
                "computed": true
              },
              "owner_name": {
                "type": "string",
                "description": "User name of file owner.",
                "description_kind": "markdown",
                "computed": true
              },
              "path": {
                "type": "string",
                "description": "Path to file on remote host.",
                "description_kind": "markdown",
                "required": true
              },
              "permissions": {
                "type": "string",
                "description": "Permissions of file (in octal form).",
                "description_kind": "markdown",
                "computed": true
              }
            },
            "block_types": {
              "conn": {
                "nesting_mode": "list",
                "block": {
                  "attributes": {
                    "agent": {
                      "type": "bool",
                      "description": "Use a local SSH agent to login to the remote host. Defaults to `false`.",
                      "description_kind": "markdown",
                      "optional": true
                    },
                    "host": {
                      "type": "string",
                      "description": "The remote host.",
                      "description_kind": "markdown",
                      "required": true
                    },
                    "password": {
                      "type": "string",
                      "description": "The pasword for the user on the remote host.",
                      "description_kind": "markdown",
                      "optional": true,
                      "sensitive": true
                    },
                    "port": {
                      "type": "number",
                      "description": "The ssh port on the remote host. Defaults to `22`.",
                      "description_kind": "markdown",
                      "optional": true
                    },
                    "private_key": {
                      "type": "string",
                      "description": "The private key used to login to the remote host.",
                      "description_kind": "markdown",
                      "optional": true,
                      "sensitive": true
                    },
                    "private_key_env_var": {
                      "type": "string",
                      "description": "The name of the local environment variable containing the private key used to login to the remote host.",
                      "description_kind": "markdown",
                      "optional": true
                    },
                    "private_key_path": {
                      "type": "string",
                      "description": "The local path to the private key used to login to the remote host.",
                      "description_kind": "markdown",
                      "optional": true
                    },
                    "sudo": {
                      "type": "bool",
                      "description": "Use sudo to gain access to file. Defaults to `false`.",
                      "description_kind": "markdown",
                      "optional": true
                    },
                    "timeout": {
                      "type": "number",
                      "description": "The maximum amount of time, in milliseconds, for the TCP connection to establish. Timeout of zero means no timeout.",
                      "description_kind": "markdown",
                      "optional": true
                    },
                    "user": {
                      "type": "string",
                      "description": "The user on the remote host.",
                      "description_kind": "markdown",
                      "required": true
                    }
                  },
                  "description": "Connection to host where files are located.",
                  "description_kind": "markdown"
                },
                "max_items": 1
              }
            },
            "description": "File on remote host.",
            "description_kind": "markdown"
          }
        }
      }
    }
  }
}
