{
  "format_version": "1.0",
  "provider_schemas": {
    "registry.terraform.io/snowflake-labs/snowflake": {
      "provider": {
        "version": 0,
        "block": {
          "attributes": {
            "account": {
              "type": "string",
              "description": "Specifies your Snowflake account identifier assigned, by Snowflake. For information about account identifiers, see the [Snowflake documentation](https://docs.snowflake.com/en/user-guide/admin-account-identifier.html). Can also be sourced from the `SNOWFLAKE_ACCOUNT` environment variable. Required unless using `profile`.",
              "description_kind": "plain",
              "optional": true
            },
            "authenticator": {
              "type": "string",
              "description": "Specifies the [authentication type](https://pkg.go.dev/github.com/snowflakedb/gosnowflake#AuthType) to use when connecting to Snowflake. Valid values include: Snowflake, OAuth, ExternalBrowser, Okta, JWT, TokenAccessor, UsernamePasswordMFA. Can also be sourced from the `SNOWFLAKE_AUTHENTICATOR` environment variable.",
              "description_kind": "plain",
              "optional": true
            },
            "browser_auth": {
              "type": "bool",
              "description": "Required when `oauth_refresh_token` is used. Can also be sourced from `SNOWFLAKE_USE_BROWSER_AUTH` environment variable.",
              "description_kind": "plain",
              "deprecated": true,
              "optional": true
            },
            "client_ip": {
              "type": "string",
              "description": "IP address for network checks. Can also be sourced from the `SNOWFLAKE_CLIENT_IP` environment variable.",
              "description_kind": "plain",
              "optional": true
            },
            "client_request_mfa_token": {
              "type": "bool",
              "description": "When true the MFA token is cached in the credential manager. True by default in Windows/OSX. False for Linux. Can also be sourced from the `SNOWFLAKE_CLIENT_REQUEST_MFA_TOKEN` environment variable.",
              "description_kind": "plain",
              "optional": true
            },
            "client_store_temporary_credential": {
              "type": "bool",
              "description": "When true the ID token is cached in the credential manager. True by default in Windows/OSX. False for Linux. Can also be sourced from the `SNOWFLAKE_CLIENT_STORE_TEMPORARY_CREDENTIAL` environment variable.",
              "description_kind": "plain",
              "optional": true
            },
            "client_timeout": {
              "type": "number",
              "description": "The timeout in seconds for the client to complete the authentication. Default is 900 seconds. Can also be sourced from the `SNOWFLAKE_CLIENT_TIMEOUT` environment variable.",
              "description_kind": "plain",
              "optional": true
            },
            "disable_query_context_cache": {
              "type": "bool",
              "description": "Should HTAP query context cache be disabled. Can also be sourced from the `SNOWFLAKE_DISABLE_QUERY_CONTEXT_CACHE` environment variable.",
              "description_kind": "plain",
              "optional": true
            },
            "disable_telemetry": {
              "type": "bool",
              "description": "Indicates whether to disable telemetry. Can also be sourced from the `SNOWFLAKE_DISABLE_TELEMETRY` environment variable.",
              "description_kind": "plain",
              "optional": true
            },
            "external_browser_timeout": {
              "type": "number",
              "description": "The timeout in seconds for the external browser to complete the authentication. Default is 120 seconds. Can also be sourced from the `SNOWFLAKE_EXTERNAL_BROWSER_TIMEOUT` environment variable.",
              "description_kind": "plain",
              "optional": true
            },
            "host": {
              "type": "string",
              "description": "Supports passing in a custom host value to the snowflake go driver for use with privatelink. Can also be sourced from the `SNOWFLAKE_HOST` environment variable. ",
              "description_kind": "plain",
              "optional": true
            },
            "insecure_mode": {
              "type": "bool",
              "description": "If true, bypass the Online Certificate Status Protocol (OCSP) certificate revocation check. IMPORTANT: Change the default value for testing or emergency situations only. Can also be sourced from the `SNOWFLAKE_INSECURE_MODE` environment variable.",
              "description_kind": "plain",
              "optional": true
            },
            "jwt_client_timeout": {
              "type": "number",
              "description": "The timeout in seconds for the JWT client to complete the authentication. Default is 10 seconds. Can also be sourced from the `SNOWFLAKE_JWT_CLIENT_TIMEOUT` environment variable.",
              "description_kind": "plain",
              "optional": true
            },
            "jwt_expire_timeout": {
              "type": "number",
              "description": "JWT expire after timeout in seconds. Can also be sourced from the `SNOWFLAKE_JWT_EXPIRE_TIMEOUT` environment variable.",
              "description_kind": "plain",
              "optional": true
            },
            "keep_session_alive": {
              "type": "bool",
              "description": "Enables the session to persist even after the connection is closed. Can also be sourced from the `SNOWFLAKE_KEEP_SESSION_ALIVE` environment variable.",
              "description_kind": "plain",
              "optional": true
            },
            "login_timeout": {
              "type": "number",
              "description": "Login retry timeout EXCLUDING network roundtrip and read out http response. Can also be sourced from the `SNOWFLAKE_LOGIN_TIMEOUT` environment variable.",
              "description_kind": "plain",
              "optional": true
            },
            "oauth_access_token": {
              "type": "string",
              "description": "Token for use with OAuth. Generating the token is left to other tools. Cannot be used with `browser_auth`, `private_key_path`, `oauth_refresh_token` or `password`. Can also be sourced from `SNOWFLAKE_OAUTH_ACCESS_TOKEN` environment variable.",
              "description_kind": "plain",
              "deprecated": true,
              "optional": true,
              "sensitive": true
            },
            "oauth_client_id": {
              "type": "string",
              "description": "Required when `oauth_refresh_token` is used. Can also be sourced from `SNOWFLAKE_OAUTH_CLIENT_ID` environment variable.",
              "description_kind": "plain",
              "deprecated": true,
              "optional": true,
              "sensitive": true
            },
            "oauth_client_secret": {
              "type": "string",
              "description": "Required when `oauth_refresh_token` is used. Can also be sourced from `SNOWFLAKE_OAUTH_CLIENT_SECRET` environment variable.",
              "description_kind": "plain",
              "deprecated": true,
              "optional": true,
              "sensitive": true
            },
            "oauth_endpoint": {
              "type": "string",
              "description": "Required when `oauth_refresh_token` is used. Can also be sourced from `SNOWFLAKE_OAUTH_ENDPOINT` environment variable.",
              "description_kind": "plain",
              "deprecated": true,
              "optional": true,
              "sensitive": true
            },
            "oauth_redirect_url": {
              "type": "string",
              "description": "Required when `oauth_refresh_token` is used. Can also be sourced from `SNOWFLAKE_OAUTH_REDIRECT_URL` environment variable.",
              "description_kind": "plain",
              "deprecated": true,
              "optional": true,
              "sensitive": true
            },
            "oauth_refresh_token": {
              "type": "string",
              "description": "Token for use with OAuth. Setup and generation of the token is left to other tools. Should be used in conjunction with `oauth_client_id`, `oauth_client_secret`, `oauth_endpoint`, `oauth_redirect_url`. Cannot be used with `browser_auth`, `private_key_path`, `oauth_access_token` or `password`. Can also be sourced from `SNOWFLAKE_OAUTH_REFRESH_TOKEN` environment variable.",
              "description_kind": "plain",
              "deprecated": true,
              "optional": true,
              "sensitive": true
            },
            "ocsp_fail_open": {
              "type": "bool",
              "description": "True represents OCSP fail open mode. False represents OCSP fail closed mode. Fail open true by default. Can also be sourced from the `SNOWFLAKE_OCSP_FAIL_OPEN` environment variable.",
              "description_kind": "plain",
              "optional": true
            },
            "okta_url": {
              "type": "string",
              "description": "The URL of the Okta server. e.g. https://example.okta.com. Can also be sourced from the `SNOWFLAKE_OKTA_URL` environment variable.",
              "description_kind": "plain",
              "optional": true
            },
            "params": {
              "type": [
                "map",
                "string"
              ],
              "description": "Sets other connection (i.e. session) parameters. [Parameters](https://docs.snowflake.com/en/sql-reference/parameters)",
              "description_kind": "plain",
              "optional": true
            },
            "passcode": {
              "type": "string",
              "description": "Specifies the passcode provided by Duo when using multi-factor authentication (MFA) for login. Can also be sourced from the `SNOWFLAKE_PASSCODE` environment variable. ",
              "description_kind": "plain",
              "optional": true
            },
            "passcode_in_password": {
              "type": "bool",
              "description": "False by default. Set to true if the MFA passcode is embedded in the login password. Appends the MFA passcode to the end of the password. Can also be sourced from the `SNOWFLAKE_PASSCODE_IN_PASSWORD` environment variable. ",
              "description_kind": "plain",
              "optional": true
            },
            "password": {
              "type": "string",
              "description": "Password for username+password auth. Cannot be used with `browser_auth` or `private_key_path`. Can also be sourced from the `SNOWFLAKE_PASSWORD` environment variable.",
              "description_kind": "plain",
              "optional": true,
              "sensitive": true
            },
            "port": {
              "type": "number",
              "description": "Support custom port values to snowflake go driver for use with privatelink. Can also be sourced from the `SNOWFLAKE_PORT` environment variable. ",
              "description_kind": "plain",
              "optional": true
            },
            "private_key": {
              "type": "string",
              "description": "Private Key for username+private-key auth. Cannot be used with `browser_auth` or `password`. Can also be sourced from `SNOWFLAKE_PRIVATE_KEY` environment variable.",
              "description_kind": "plain",
              "optional": true,
              "sensitive": true
            },
            "private_key_passphrase": {
              "type": "string",
              "description": "Supports the encryption ciphers aes-128-cbc, aes-128-gcm, aes-192-cbc, aes-192-gcm, aes-256-cbc, aes-256-gcm, and des-ede3-cbc. Can also be sourced from `SNOWFLAKE_PRIVATE_KEY_PASSPHRASE` environment variable.",
              "description_kind": "plain",
              "optional": true,
              "sensitive": true
            },
            "private_key_path": {
              "type": "string",
              "description": "Path to a private key for using keypair authentication. Cannot be used with `browser_auth`, `oauth_access_token` or `password`. Can also be sourced from `SNOWFLAKE_PRIVATE_KEY_PATH` environment variable.",
              "description_kind": "plain",
              "deprecated": true,
              "optional": true,
              "sensitive": true
            },
            "profile": {
              "type": "string",
              "description": "Sets the profile to read from ~/.snowflake/config file. Can also be sourced from the `SNOWFLAKE_PROFILE` environment variable.",
              "description_kind": "plain",
              "optional": true
            },
            "protocol": {
              "type": "string",
              "description": "Either http or https, defaults to https. Can also be sourced from the `SNOWFLAKE_PROTOCOL` environment variable.",
              "description_kind": "plain",
              "optional": true
            },
            "region": {
              "type": "string",
              "description": "Snowflake region, such as \"eu-central-1\", with this parameter. However, since this parameter is deprecated, it is best to specify the region as part of the account parameter. For details, see the description of the account parameter. [Snowflake region](https://docs.snowflake.com/en/user-guide/intro-regions.html) to use.  Required if using the [legacy format for the `account` identifier](https://docs.snowflake.com/en/user-guide/admin-account-identifier.html#format-2-legacy-account-locator-in-a-region) in the form of `<cloud_region_id>.<cloud>`. Can also be sourced from the `SNOWFLAKE_REGION` environment variable. ",
              "description_kind": "plain",
              "deprecated": true,
              "optional": true
            },
            "request_timeout": {
              "type": "number",
              "description": "request retry timeout EXCLUDING network roundtrip and read out http response. Can also be sourced from the `SNOWFLAKE_REQUEST_TIMEOUT` environment variable.",
              "description_kind": "plain",
              "optional": true
            },
            "role": {
              "type": "string",
              "description": "Specifies the role to use by default for accessing Snowflake objects in the client session. Can also be sourced from the `SNOWFLAKE_ROLE` environment variable. .",
              "description_kind": "plain",
              "optional": true
            },
            "session_params": {
              "type": [
                "map",
                "string"
              ],
              "description": "Sets session parameters. [Parameters](https://docs.snowflake.com/en/sql-reference/parameters)",
              "description_kind": "plain",
              "deprecated": true,
              "optional": true
            },
            "token": {
              "type": "string",
              "description": "Token to use for OAuth and other forms of token based auth. Can also be sourced from the `SNOWFLAKE_TOKEN` environment variable.",
              "description_kind": "plain",
              "optional": true,
              "sensitive": true
            },
            "user": {
              "type": "string",
              "description": "Username. Can also be sourced from the `SNOWFLAKE_USER` environment variable. Required unless using `profile`.",
              "description_kind": "plain",
              "optional": true
            },
            "username": {
              "type": "string",
              "description": "Username for username+password authentication. Can also be sourced from the `SNOWFLAKE_USERNAME` environment variable. Required unless using `profile`.",
              "description_kind": "plain",
              "deprecated": true,
              "optional": true
            },
            "validate_default_parameters": {
              "type": "bool",
              "description": "True by default. If false, disables the validation checks for Database, Schema, Warehouse and Role at the time a connection is established. Can also be sourced from the `SNOWFLAKE_VALIDATE_DEFAULT_PARAMETERS` environment variable.",
              "description_kind": "plain",
              "optional": true
            },
            "warehouse": {
              "type": "string",
              "description": "Specifies the virtual warehouse to use by default for queries, loading, etc. in the client session. Can also be sourced from the `SNOWFLAKE_WAREHOUSE` environment variable.",
              "description_kind": "plain",
              "optional": true
            }
          },
          "block_types": {
            "token_accessor": {
              "nesting_mode": "list",
              "block": {
                "attributes": {
                  "client_id": {
                    "type": "string",
                    "description": "The client ID for the OAuth provider when using a refresh token to renew access token. Can also be sourced from the `SNOWFLAKE_TOKEN_ACCESSOR_CLIENT_ID` environment variable.",
                    "description_kind": "plain",
                    "required": true,
                    "sensitive": true
                  },
                  "client_secret": {
                    "type": "string",
                    "description": "The client secret for the OAuth provider when using a refresh token to renew access token. Can also be sourced from the `SNOWFLAKE_TOKEN_ACCESSOR_CLIENT_SECRET` environment variable.",
                    "description_kind": "plain",
                    "required": true,
                    "sensitive": true
                  },
                  "redirect_uri": {
                    "type": "string",
                    "description": "The redirect URI for the OAuth provider when using a refresh token to renew access token. Can also be sourced from the `SNOWFLAKE_TOKEN_ACCESSOR_REDIRECT_URI` environment variable.",
                    "description_kind": "plain",
                    "required": true,
                    "sensitive": true
                  },
                  "refresh_token": {
                    "type": "string",
                    "description": "The refresh token for the OAuth provider when using a refresh token to renew access token. Can also be sourced from the `SNOWFLAKE_TOKEN_ACCESSOR_REFRESH_TOKEN` environment variable.",
                    "description_kind": "plain",
                    "required": true,
                    "sensitive": true
                  },
                  "token_endpoint": {
                    "type": "string",
                    "description": "The token endpoint for the OAuth provider e.g. https://{yourDomain}/oauth/token when using a refresh token to renew access token. Can also be sourced from the `SNOWFLAKE_TOKEN_ACCESSOR_TOKEN_ENDPOINT` environment variable.",
                    "description_kind": "plain",
                    "required": true,
                    "sensitive": true
                  }
                },
                "description_kind": "plain"
              },
              "max_items": 1
            }
          },
          "description_kind": "plain"
        }
      },
      "resource_schemas": {
        "snowflake_account": {
          "version": 0,
          "block": {
            "attributes": {
              "admin_name": {
                "type": "string",
                "description": "Login name of the initial administrative user of the account. A new user is created in the new account with this name and password and granted the ACCOUNTADMIN role in the account. A login name can be any string consisting of letters, numbers, and underscores. Login names are always case-insensitive.",
                "description_kind": "plain",
                "required": true
              },
              "admin_password": {
                "type": "string",
                "description": "Password for the initial administrative user of the account. Optional if the `ADMIN_RSA_PUBLIC_KEY` parameter is specified. For more information about passwords in Snowflake, see [Snowflake-provided Password Policy](https://docs.snowflake.com/en/sql-reference/sql/create-account.html#:~:text=Snowflake%2Dprovided%20Password%20Policy).",
                "description_kind": "plain",
                "optional": true,
                "sensitive": true
              },
              "admin_rsa_public_key": {
                "type": "string",
                "description": "Assigns a public key to the initial administrative user of the account in order to implement [key pair authentication](https://docs.snowflake.com/en/sql-reference/sql/create-account.html#:~:text=key%20pair%20authentication) for the user. Optional if the `ADMIN_PASSWORD` parameter is specified.",
                "description_kind": "plain",
                "optional": true,
                "sensitive": true
              },
              "comment": {
                "type": "string",
                "description": "Specifies a comment for the account.",
                "description_kind": "plain",
                "optional": true
              },
              "edition": {
                "type": "string",
                "description": "[Snowflake Edition](https://docs.snowflake.com/en/user-guide/intro-editions.html) of the account. Valid values are: STANDARD | ENTERPRISE | BUSINESS_CRITICAL",
                "description_kind": "plain",
                "required": true
              },
              "email": {
                "type": "string",
                "description": "Email address of the initial administrative user of the account. This email address is used to send any notifications about the account.",
                "description_kind": "plain",
                "required": true,
                "sensitive": true
              },
              "first_name": {
                "type": "string",
                "description": "First name of the initial administrative user of the account",
                "description_kind": "plain",
                "optional": true,
                "sensitive": true
              },
              "grace_period_in_days": {
                "type": "number",
                "description": "Specifies the number of days to wait before dropping the account. The default is 3 days.",
                "description_kind": "plain",
                "optional": true
              },
              "id": {
                "type": "string",
                "description_kind": "plain",
                "optional": true,
                "computed": true
              },
              "is_org_admin": {
                "type": "bool",
                "description": "Indicates whether the ORGADMIN role is enabled in an account. If TRUE, the role is enabled.",
                "description_kind": "plain",
                "computed": true
              },
              "last_name": {
                "type": "string",
                "description": "Last name of the initial administrative user of the account",
                "description_kind": "plain",
                "optional": true,
                "sensitive": true
              },
              "must_change_password": {
                "type": "bool",
                "description": "Specifies whether the new user created to administer the account is forced to change their password upon first login into the account.",
                "description_kind": "plain",
                "optional": true
              },
              "name": {
                "type": "string",
                "description": "Specifies the identifier (i.e. name) for the account; must be unique within an organization, regardless of which Snowflake Region the account is in. In addition, the identifier must start with an alphabetic character and cannot contain spaces or special characters except for underscores (_). Note that if the account name includes underscores, features that do not accept account names with underscores (e.g. Okta SSO or SCIM) can reference a version of the account name that substitutes hyphens (-) for the underscores.",
                "description_kind": "plain",
                "required": true
              },
              "region": {
                "type": "string",
                "description": "ID of the Snowflake Region where the account is created. If no value is provided, Snowflake creates the account in the same Snowflake Region as the current account (i.e. the account in which the CREATE ACCOUNT statement is executed.)",
                "description_kind": "plain",
                "optional": true
              },
              "region_group": {
                "type": "string",
                "description": "ID of the Snowflake Region where the account is created. If no value is provided, Snowflake creates the account in the same Snowflake Region as the current account (i.e. the account in which the CREATE ACCOUNT statement is executed.)",
                "description_kind": "plain",
                "optional": true
              }
            },
            "description": "The account resource allows you to create and manage Snowflake accounts.",
            "description_kind": "plain"
          }
        },
        "snowflake_account_grant": {
          "version": 0,
          "block": {
            "attributes": {
              "enable_multiple_grants": {
                "type": "bool",
                "description": "When this is set to true, multiple grants of the same type can be created. This will cause Terraform to not revoke grants applied to roles and objects outside Terraform.",
                "description_kind": "plain",
                "optional": true
              },
              "id": {
                "type": "string",
                "description_kind": "plain",
                "optional": true,
                "computed": true
              },
              "privilege": {
                "type": "string",
                "description": "The account privilege to grant. Valid privileges are those in [globalPrivileges](https://docs.snowflake.com/en/sql-reference/sql/grant-privilege.html). To grant all privileges, use the value `ALL PRIVILEGES`.",
                "description_kind": "plain",
                "optional": true
              },
              "roles": {
                "type": [
                  "set",
                  "string"
                ],
                "description": "Grants privilege to these roles.",
                "description_kind": "plain",
                "optional": true
              },
              "with_grant_option": {
                "type": "bool",
                "description": "When this is set to true, allows the recipient role to grant the privileges to other roles.",
                "description_kind": "plain",
                "optional": true
              }
            },
            "description_kind": "plain",
            "deprecated": true
          }
        },
        "snowflake_account_parameter": {
          "version": 0,
          "block": {
            "attributes": {
              "id": {
                "type": "string",
                "description_kind": "plain",
                "optional": true,
                "computed": true
              },
              "key": {
                "type": "string",
                "description": "Name of account parameter. Valid values are those in [account parameters](https://docs.snowflake.com/en/sql-reference/parameters.html#account-parameters).",
                "description_kind": "plain",
                "required": true
              },
              "value": {
                "type": "string",
                "description": "Value of account parameter, as a string. Constraints are the same as those for the parameters in Snowflake documentation.",
                "description_kind": "plain",
                "required": true
              }
            },
            "description_kind": "plain"
          }
        },
        "snowflake_account_password_policy_attachment": {
          "version": 0,
          "block": {
            "attributes": {
              "id": {
                "type": "string",
                "description_kind": "plain",
                "optional": true,
                "computed": true
              },
              "password_policy": {
                "type": "string",
                "description": "Qualified name (`\"db\".\"schema\".\"policy_name\"`) of the password policy to apply to the current account.",
                "description_kind": "plain",
                "required": true
              }
            },
            "description": "Specifies the password policy to use for the current account. To set the password policy of a different account, use a provider alias.",
            "description_kind": "plain"
          }
        },
        "snowflake_alert": {
          "version": 0,
          "block": {
            "attributes": {
              "action": {
                "type": "string",
                "description": "The SQL statement that should be executed if the condition returns one or more rows.",
                "description_kind": "plain",
                "required": true
              },
              "comment": {
                "type": "string",
                "description": "Specifies a comment for the alert.",
                "description_kind": "plain",
                "optional": true
              },
              "condition": {
                "type": "string",
                "description": "The SQL statement that represents the condition for the alert. (SELECT, SHOW, CALL)",
                "description_kind": "plain",
                "required": true
              },
              "database": {
                "type": "string",
                "description": "The database in which to create the alert.",
                "description_kind": "plain",
                "required": true
              },
              "enabled": {
                "type": "bool",
                "description": "Specifies if an alert should be 'started' (enabled) after creation or should remain 'suspended' (default).",
                "description_kind": "plain",
                "optional": true
              },
              "id": {
                "type": "string",
                "description_kind": "plain",
                "optional": true,
                "computed": true
              },
              "name": {
                "type": "string",
                "description": "Specifies the identifier for the alert; must be unique for the database and schema in which the alert is created.",
                "description_kind": "plain",
                "required": true
              },
              "schema": {
                "type": "string",
                "description": "The schema in which to create the alert.",
                "description_kind": "plain",
                "required": true
              },
              "warehouse": {
                "type": "string",
                "description": "The warehouse the alert will use.",
                "description_kind": "plain",
                "required": true
              }
            },
            "block_types": {
              "alert_schedule": {
                "nesting_mode": "list",
                "block": {
                  "attributes": {
                    "interval": {
                      "type": "number",
                      "description": "Specifies the interval in minutes for the alert schedule. The interval must be greater than 0 and less than 1440 (24 hours).",
                      "description_kind": "plain",
                      "optional": true
                    }
                  },
                  "block_types": {
                    "cron": {
                      "nesting_mode": "list",
                      "block": {
                        "attributes": {
                          "expression": {
                            "type": "string",
                            "description": "Specifies the cron expression for the alert. The cron expression must be in the following format: \"minute hour day-of-month month day-of-week\". The following values are supported: minute: 0-59 hour: 0-23 day-of-month: 1-31 month: 1-12 day-of-week: 0-6 (0 is Sunday)",
                            "description_kind": "plain",
                            "required": true
                          },
                          "time_zone": {
                            "type": "string",
                            "description": "Specifies the time zone for alert refresh.",
                            "description_kind": "plain",
                            "required": true
                          }
                        },
                        "description": "Specifies the cron expression for the alert. The cron expression must be in the following format: \"minute hour day-of-month month day-of-week\". The following values are supported: minute: 0-59 hour: 0-23 day-of-month: 1-31 month: 1-12 day-of-week: 0-6 (0 is Sunday)",
                        "description_kind": "plain"
                      },
                      "max_items": 1
                    }
                  },
                  "description": "The schedule for periodically running an alert.",
                  "description_kind": "plain"
                },
                "max_items": 1
              }
            },
            "description_kind": "plain"
          }
        },
        "snowflake_api_integration": {
          "version": 0,
          "block": {
            "attributes": {
              "api_allowed_prefixes": {
                "type": [
                  "list",
                  "string"
                ],
                "description": "Explicitly limits external functions that use the integration to reference one or more HTTPS proxy service endpoints and resources within those proxies.",
                "description_kind": "plain",
                "required": true
              },
              "api_aws_external_id": {
                "type": "string",
                "description": "The external ID that Snowflake will use when assuming the AWS role.",
                "description_kind": "plain",
                "computed": true
              },
              "api_aws_iam_user_arn": {
                "type": "string",
                "description": "The Snowflake user that will attempt to assume the AWS role.",
                "description_kind": "plain",
                "computed": true
              },
              "api_aws_role_arn": {
                "type": "string",
                "description": "ARN of a cloud platform role.",
                "description_kind": "plain",
                "optional": true
              },
              "api_blocked_prefixes": {
                "type": [
                  "list",
                  "string"
                ],
                "description": "Lists the endpoints and resources in the HTTPS proxy service that are not allowed to be called from Snowflake.",
                "description_kind": "plain",
                "optional": true
              },
              "api_gcp_service_account": {
                "type": "string",
                "description": "The service account used for communication with the Google API Gateway.",
                "description_kind": "plain",
                "optional": true,
                "computed": true
              },
              "api_key": {
                "type": "string",
                "description": "The API key (also called a “subscription key”).",
                "description_kind": "plain",
                "optional": true,
                "sensitive": true
              },
              "api_provider": {
                "type": "string",
                "description": "Specifies the HTTPS proxy service type.",
                "description_kind": "plain",
                "required": true
              },
              "azure_ad_application_id": {
                "type": "string",
                "description": "The 'Application (client) id' of the Azure AD app for your remote service.",
                "description_kind": "plain",
                "optional": true
              },
              "azure_consent_url": {
                "type": "string",
                "description_kind": "plain",
                "computed": true
              },
              "azure_multi_tenant_app_name": {
                "type": "string",
                "description_kind": "plain",
                "computed": true
              },
              "azure_tenant_id": {
                "type": "string",
                "description": "Specifies the ID for your Office 365 tenant that all Azure API Management instances belong to.",
                "description_kind": "plain",
                "optional": true
              },
              "comment": {
                "type": "string",
                "description_kind": "plain",
                "optional": true
              },
              "created_on": {
                "type": "string",
                "description": "Date and time when the API integration was created.",
                "description_kind": "plain",
                "computed": true
              },
              "enabled": {
                "type": "bool",
                "description": "Specifies whether this API integration is enabled or disabled. If the API integration is disabled, any external function that relies on it will not work.",
                "description_kind": "plain",
                "optional": true
              },
              "google_audience": {
                "type": "string",
                "description": "The audience claim when generating the JWT (JSON Web Token) to authenticate to the Google API Gateway.",
                "description_kind": "plain",
                "optional": true
              },
              "id": {
                "type": "string",
                "description_kind": "plain",
                "optional": true,
                "computed": true
              },
              "name": {
                "type": "string",
                "description": "Specifies the name of the API integration. This name follows the rules for Object Identifiers. The name should be unique among api integrations in your account.",
                "description_kind": "plain",
                "required": true
              }
            },
            "description_kind": "plain"
          }
        },
        "snowflake_database": {
          "version": 0,
          "block": {
            "attributes": {
              "comment": {
                "type": "string",
                "description_kind": "plain",
                "optional": true
              },
              "data_retention_time_in_days": {
                "type": "number",
                "description": "Number of days for which Snowflake retains historical data for performing Time Travel actions (SELECT, CLONE, UNDROP) on the object. A value of 0 effectively disables Time Travel for the specified database, schema, or table. For more information, see Understanding & Using Time Travel.",
                "description_kind": "plain",
                "optional": true
              },
              "from_database": {
                "type": "string",
                "description": "Specify a database to create a clone from.",
                "description_kind": "plain",
                "optional": true
              },
              "from_replica": {
                "type": "string",
                "description": "Specify a fully-qualified path to a database to create a replica from. A fully qualified path follows the format of \"<organization_name>\".\"<account_name>\".\"<db_name>\". An example would be: \"myorg1\".\"account1\".\"db1\"",
                "description_kind": "plain",
                "optional": true
              },
              "from_share": {
                "type": [
                  "map",
                  "string"
                ],
                "description": "Specify a provider and a share in this map to create a database from a share.",
                "description_kind": "plain",
                "optional": true
              },
              "id": {
                "type": "string",
                "description_kind": "plain",
                "optional": true,
                "computed": true
              },
              "is_transient": {
                "type": "bool",
                "description": "Specifies a database as transient. Transient databases do not have a Fail-safe period so they do not incur additional storage costs once they leave Time Travel; however, this means they are also not protected by Fail-safe in the event of a data loss.",
                "description_kind": "plain",
                "optional": true
              },
              "name": {
                "type": "string",
                "description_kind": "plain",
                "required": true
              }
            },
            "block_types": {
              "replication_configuration": {
                "nesting_mode": "list",
                "block": {
                  "attributes": {
                    "accounts": {
                      "type": [
                        "list",
                        "string"
                      ],
                      "description_kind": "plain",
                      "required": true
                    },
                    "ignore_edition_check": {
                      "type": "bool",
                      "description_kind": "plain",
                      "optional": true
                    }
                  },
                  "description": "When set, specifies the configurations for database replication.",
                  "description_kind": "plain"
                },
                "max_items": 1
              }
            },
            "description_kind": "plain"
          }
        },
        "snowflake_database_grant": {
          "version": 0,
          "block": {
            "attributes": {
              "database_name": {
                "type": "string",
                "description": "The name of the database on which to grant privileges.",
                "description_kind": "plain",
                "required": true
              },
              "enable_multiple_grants": {
                "type": "bool",
                "description": "When this is set to true, multiple grants of the same type can be created. This will cause Terraform to not revoke grants applied to roles and objects outside Terraform.",
                "description_kind": "plain",
                "optional": true
              },
              "id": {
                "type": "string",
                "description_kind": "plain",
                "optional": true,
                "computed": true
              },
              "privilege": {
                "type": "string",
                "description": "The privilege to grant on the database. To grant all privileges, use the value `ALL PRIVILEGES`.",
                "description_kind": "plain",
                "optional": true
              },
              "revert_ownership_to_role_name": {
                "type": "string",
                "description": "The name of the role to revert ownership to on destroy. Has no effect unless `privilege` is set to `OWNERSHIP`",
                "description_kind": "plain",
                "optional": true
              },
              "roles": {
                "type": [
                  "set",
                  "string"
                ],
                "description": "Grants privilege to these roles.",
                "description_kind": "plain",
                "optional": true
              },
              "shares": {
                "type": [
                  "set",
                  "string"
                ],
                "description": "Grants privilege to these shares.",
                "description_kind": "plain",
                "optional": true
              },
              "with_grant_option": {
                "type": "bool",
                "description": "When this is set to true, allows the recipient role to grant the privileges to other roles.",
                "description_kind": "plain",
                "optional": true
              }
            },
            "description_kind": "plain"
          }
        },
        "snowflake_database_role": {
          "version": 0,
          "block": {
            "attributes": {
              "comment": {
                "type": "string",
                "description": "Specifies a comment for the database role.",
                "description_kind": "plain",
                "optional": true
              },
              "database": {
                "type": "string",
                "description": "The database in which to create the database role.",
                "description_kind": "plain",
                "required": true
              },
              "id": {
                "type": "string",
                "description_kind": "plain",
                "optional": true,
                "computed": true
              },
              "name": {
                "type": "string",
                "description": "Specifies the identifier for the database role.",
                "description_kind": "plain",
                "required": true
              }
            },
            "description_kind": "plain"
          }
        },
        "snowflake_dynamic_table": {
          "version": 0,
          "block": {
            "attributes": {
              "automatic_clustering": {
                "type": "bool",
                "description": "Whether auto-clustering is enabled on the dynamic table. Not currently supported for dynamic tables.",
                "description_kind": "plain",
                "computed": true
              },
              "bytes": {
                "type": "number",
                "description": "Number of bytes that will be scanned if the entire dynamic table is scanned in a query.",
                "description_kind": "plain",
                "computed": true
              },
              "cluster_by": {
                "type": "string",
                "description": "The clustering key for the dynamic table.",
                "description_kind": "plain",
                "computed": true
              },
              "comment": {
                "type": "string",
                "description": "Specifies a comment for the dynamic table.",
                "description_kind": "plain",
                "optional": true
              },
              "data_timestamp": {
                "type": "string",
                "description": "Timestamp of the data in the base object(s) that is included in the dynamic table.",
                "description_kind": "plain",
                "computed": true
              },
              "database": {
                "type": "string",
                "description": "The database in which to create the dynamic table.",
                "description_kind": "plain",
                "required": true
              },
              "id": {
                "type": "string",
                "description_kind": "plain",
                "optional": true,
                "computed": true
              },
              "is_clone": {
                "type": "bool",
                "description": "TRUE if the dynamic table has been cloned, else FALSE.",
                "description_kind": "plain",
                "computed": true
              },
              "is_replica": {
                "type": "bool",
                "description": "TRUE if the dynamic table is a replica. else FALSE.",
                "description_kind": "plain",
                "computed": true
              },
              "last_suspended_on": {
                "type": "string",
                "description": "Timestamp of last suspension.",
                "description_kind": "plain",
                "computed": true
              },
              "name": {
                "type": "string",
                "description": "Specifies the identifier (i.e. name) for the dynamic table; must be unique for the schema in which the dynamic table is created.",
                "description_kind": "plain",
                "required": true
              },
              "or_replace": {
                "type": "bool",
                "description": "Specifies whether to replace the dynamic table if it already exists.",
                "description_kind": "plain",
                "optional": true
              },
              "owner": {
                "type": "string",
                "description": "Role that owns the dynamic table.",
                "description_kind": "plain",
                "computed": true
              },
              "query": {
                "type": "string",
                "description": "Specifies the query to use to populate the dynamic table.",
                "description_kind": "plain",
                "required": true
              },
              "refresh_mode": {
                "type": "string",
                "description": "INCREMENTAL if the dynamic table will use incremental refreshes, or FULL if it will recompute the whole table on every refresh.",
                "description_kind": "plain",
                "computed": true
              },
              "refresh_mode_reason": {
                "type": "string",
                "description": "Explanation for why FULL refresh mode was chosen. NULL if refresh mode is not FULL.",
                "description_kind": "plain",
                "computed": true
              },
              "rows": {
                "type": "number",
                "description": "Number of rows in the table.",
                "description_kind": "plain",
                "computed": true
              },
              "scheduling_state": {
                "type": "string",
                "description": "Displays RUNNING for dynamic tables that are actively scheduling refreshes and SUSPENDED for suspended dynamic tables.",
                "description_kind": "plain",
                "computed": true
              },
              "schema": {
                "type": "string",
                "description": "The schema in which to create the dynamic table.",
                "description_kind": "plain",
                "required": true
              },
              "warehouse": {
                "type": "string",
                "description": "The warehouse in which to create the dynamic table.",
                "description_kind": "plain",
                "required": true
              }
            },
            "block_types": {
              "target_lag": {
                "nesting_mode": "list",
                "block": {
                  "attributes": {
                    "downstream": {
                      "type": "bool",
                      "description": "Specifies whether the target lag time is downstream.",
                      "description_kind": "plain",
                      "optional": true
                    },
                    "maximum_duration": {
                      "type": "string",
                      "description": "Specifies the maximum target lag time for the dynamic table.",
                      "description_kind": "plain",
                      "optional": true
                    }
                  },
                  "description": "Specifies the target lag time for the dynamic table.",
                  "description_kind": "plain"
                },
                "min_items": 1,
                "max_items": 1
              }
            },
            "description_kind": "plain"
          }
        },
        "snowflake_email_notification_integration": {
          "version": 0,
          "block": {
            "attributes": {
              "allowed_recipients": {
                "type": [
                  "set",
                  "string"
                ],
                "description": "List of email addresses that should receive notifications.",
                "description_kind": "plain",
                "optional": true
              },
              "comment": {
                "type": "string",
                "description": "A comment for the email integration.",
                "description_kind": "plain",
                "optional": true
              },
              "enabled": {
                "type": "bool",
                "description_kind": "plain",
                "required": true
              },
              "id": {
                "type": "string",
                "description_kind": "plain",
                "optional": true,
                "computed": true
              },
              "name": {
                "type": "string",
                "description_kind": "plain",
                "required": true
              }
            },
            "description_kind": "plain"
          }
        },
        "snowflake_external_function": {
          "version": 0,
          "block": {
            "attributes": {
              "api_integration": {
                "type": "string",
                "description": "The name of the API integration object that should be used to authenticate the call to the proxy service.",
                "description_kind": "plain",
                "required": true
              },
              "comment": {
                "type": "string",
                "description": "A description of the external function.",
                "description_kind": "plain",
                "optional": true
              },
              "compression": {
                "type": "string",
                "description": "If specified, the JSON payload is compressed when sent from Snowflake to the proxy service, and when sent back from the proxy service to Snowflake.",
                "description_kind": "plain",
                "optional": true
              },
              "context_headers": {
                "type": [
                  "list",
                  "string"
                ],
                "description": "Binds Snowflake context function results to HTTP headers.",
                "description_kind": "plain",
                "optional": true
              },
              "created_on": {
                "type": "string",
                "description": "Date and time when the external function was created.",
                "description_kind": "plain",
                "computed": true
              },
              "database": {
                "type": "string",
                "description": "The database in which to create the external function.",
                "description_kind": "plain",
                "required": true
              },
              "id": {
                "type": "string",
                "description_kind": "plain",
                "optional": true,
                "computed": true
              },
              "max_batch_rows": {
                "type": "number",
                "description": "This specifies the maximum number of rows in each batch sent to the proxy service.",
                "description_kind": "plain",
                "optional": true
              },
              "name": {
                "type": "string",
                "description": "Specifies the identifier for the external function. The identifier can contain the schema name and database name, as well as the function name. The function's signature (name and argument data types) must be unique within the schema.",
                "description_kind": "plain",
                "required": true
              },
              "null_input_behavior": {
                "type": "string",
                "description": "Specifies the behavior of the external function when called with null inputs.",
                "description_kind": "plain",
                "optional": true
              },
              "request_translator": {
                "type": "string",
                "description": "This specifies the name of the request translator function",
                "description_kind": "plain",
                "optional": true
              },
              "response_translator": {
                "type": "string",
                "description": "This specifies the name of the response translator function.",
                "description_kind": "plain",
                "optional": true
              },
              "return_behavior": {
                "type": "string",
                "description": "Specifies the behavior of the function when returning results",
                "description_kind": "plain",
                "required": true
              },
              "return_null_allowed": {
                "type": "bool",
                "description": "Indicates whether the function can return NULL values or must return only NON-NULL values.",
                "description_kind": "plain",
                "optional": true
              },
              "return_type": {
                "type": "string",
                "description": "Specifies the data type returned by the external function.",
                "description_kind": "plain",
                "required": true
              },
              "schema": {
                "type": "string",
                "description": "The schema in which to create the external function.",
                "description_kind": "plain",
                "required": true
              },
              "url_of_proxy_and_resource": {
                "type": "string",
                "description": "This is the invocation URL of the proxy service and resource through which Snowflake calls the remote service.",
                "description_kind": "plain",
                "required": true
              }
            },
            "block_types": {
              "arg": {
                "nesting_mode": "list",
                "block": {
                  "attributes": {
                    "name": {
                      "type": "string",
                      "description": "Argument name",
                      "description_kind": "plain",
                      "required": true
                    },
                    "type": {
                      "type": "string",
                      "description": "Argument type, e.g. VARCHAR",
                      "description_kind": "plain",
                      "required": true
                    }
                  },
                  "description": "Specifies the arguments/inputs for the external function. These should correspond to the arguments that the remote service expects.",
                  "description_kind": "plain"
                }
              },
              "header": {
                "nesting_mode": "set",
                "block": {
                  "attributes": {
                    "name": {
                      "type": "string",
                      "description": "Header name",
                      "description_kind": "plain",
                      "required": true
                    },
                    "value": {
                      "type": "string",
                      "description": "Header value",
                      "description_kind": "plain",
                      "required": true
                    }
                  },
                  "description": "Allows users to specify key-value metadata that is sent with every request as HTTP headers.",
                  "description_kind": "plain"
                }
              }
            },
            "description_kind": "plain"
          }
        },
        "snowflake_external_oauth_integration": {
          "version": 0,
          "block": {
            "attributes": {
              "allowed_roles": {
                "type": [
                  "set",
                  "string"
                ],
                "description": "Specifies the list of roles that the client can set as the primary role.",
                "description_kind": "plain",
                "optional": true
              },
              "any_role_mode": {
                "type": "string",
                "description": "Specifies whether the OAuth client or user can use a role that is not defined in the OAuth access token.",
                "description_kind": "plain",
                "optional": true
              },
              "audience_urls": {
                "type": [
                  "set",
                  "string"
                ],
                "description": "Specifies additional values that can be used for the access token's audience validation on top of using the Customer's Snowflake Account URL ",
                "description_kind": "plain",
                "optional": true
              },
              "blocked_roles": {
                "type": [
                  "set",
                  "string"
                ],
                "description": "Specifies the list of roles that a client cannot set as the primary role. Do not include ACCOUNTADMIN, ORGADMIN or SECURITYADMIN as they are already implicitly enforced and will cause in-place updates.",
                "description_kind": "plain",
                "optional": true
              },
              "comment": {
                "type": "string",
                "description": "Specifies a comment for the OAuth integration.",
                "description_kind": "plain",
                "optional": true
              },
              "created_on": {
                "type": "string",
                "description": "Date and time when the External OAUTH integration was created.",
                "description_kind": "plain",
                "computed": true
              },
              "enabled": {
                "type": "bool",
                "description": "Specifies whether to initiate operation of the integration or suspend it.",
                "description_kind": "plain",
                "required": true
              },
              "id": {
                "type": "string",
                "description_kind": "plain",
                "optional": true,
                "computed": true
              },
              "issuer": {
                "type": "string",
                "description": "Specifies the URL to define the OAuth 2.0 authorization server.",
                "description_kind": "plain",
                "required": true
              },
              "jws_keys_urls": {
                "type": [
                  "set",
                  "string"
                ],
                "description": "Specifies the endpoint or a list of endpoints from which to download public keys or certificates to validate an External OAuth access token. The maximum number of URLs that can be specified in the list is 3.",
                "description_kind": "plain",
                "optional": true
              },
              "name": {
                "type": "string",
                "description": "Specifies the name of the External Oath integration. This name follows the rules for Object Identifiers. The name should be unique among security integrations in your account.",
                "description_kind": "plain",
                "required": true
              },
              "rsa_public_key": {
                "type": "string",
                "description": "Specifies a Base64-encoded RSA public key, without the -----BEGIN PUBLIC KEY----- and -----END PUBLIC KEY----- headers.",
                "description_kind": "plain",
                "optional": true
              },
              "rsa_public_key_2": {
                "type": "string",
                "description": "Specifies a second RSA public key, without the -----BEGIN PUBLIC KEY----- and -----END PUBLIC KEY----- headers. Used for key rotation.",
                "description_kind": "plain",
                "optional": true
              },
              "scope_delimiter": {
                "type": "string",
                "description": "Specifies the scope delimiter in the authorization token.",
                "description_kind": "plain",
                "optional": true
              },
              "scope_mapping_attribute": {
                "type": "string",
                "description": "Specifies the access token claim to map the access token to an account role.",
                "description_kind": "plain",
                "optional": true
              },
              "snowflake_user_mapping_attribute": {
                "type": "string",
                "description": "Indicates which Snowflake user record attribute should be used to map the access token to a Snowflake user record.",
                "description_kind": "plain",
                "required": true
              },
              "token_user_mapping_claims": {
                "type": [
                  "set",
                  "string"
                ],
                "description": "Specifies the access token claim or claims that can be used to map the access token to a Snowflake user record.",
                "description_kind": "plain",
                "required": true
              },
              "type": {
                "type": "string",
                "description": "Specifies the OAuth 2.0 authorization server to be Okta, Microsoft Azure AD, Ping Identity PingFederate, or a Custom OAuth 2.0 authorization server.",
                "description_kind": "plain",
                "required": true
              }
            },
            "description": "An External OAuth security integration allows a client to use a third-party authorization server to obtain the access tokens needed to interact with Snowflake.",
            "description_kind": "plain"
          }
        },
        "snowflake_external_table": {
          "version": 0,
          "block": {
            "attributes": {
              "auto_refresh": {
                "type": "bool",
                "description": "Specifies whether to automatically refresh the external table metadata once, immediately after the external table is created.",
                "description_kind": "plain",
                "optional": true
              },
              "aws_sns_topic": {
                "type": "string",
                "description": "Specifies the aws sns topic for the external table.",
                "description_kind": "plain",
                "optional": true
              },
              "comment": {
                "type": "string",
                "description": "Specifies a comment for the external table.",
                "description_kind": "plain",
                "optional": true
              },
              "copy_grants": {
                "type": "bool",
                "description": "Specifies to retain the access permissions from the original table when an external table is recreated using the CREATE OR REPLACE TABLE variant",
                "description_kind": "plain",
                "optional": true
              },
              "database": {
                "type": "string",
                "description": "The database in which to create the external table.",
                "description_kind": "plain",
                "required": true
              },
              "file_format": {
                "type": "string",
                "description": "Specifies the file format for the external table.",
                "description_kind": "plain",
                "required": true
              },
              "id": {
                "type": "string",
                "description_kind": "plain",
                "optional": true,
                "computed": true
              },
              "location": {
                "type": "string",
                "description": "Specifies a location for the external table.",
                "description_kind": "plain",
                "required": true
              },
              "name": {
                "type": "string",
                "description": "Specifies the identifier for the external table; must be unique for the database and schema in which the externalTable is created.",
                "description_kind": "plain",
                "required": true
              },
              "owner": {
                "type": "string",
                "description": "Name of the role that owns the external table.",
                "description_kind": "plain",
                "computed": true
              },
              "partition_by": {
                "type": [
                  "list",
                  "string"
                ],
                "description": "Specifies any partition columns to evaluate for the external table.",
                "description_kind": "plain",
                "optional": true
              },
              "pattern": {
                "type": "string",
                "description": "Specifies the file names and/or paths on the external stage to match.",
                "description_kind": "plain",
                "optional": true
              },
              "refresh_on_create": {
                "type": "bool",
                "description": "Specifies weather to refresh when an external table is created.",
                "description_kind": "plain",
                "optional": true
              },
              "schema": {
                "type": "string",
                "description": "The schema in which to create the external table.",
                "description_kind": "plain",
                "required": true
              }
            },
            "block_types": {
              "column": {
                "nesting_mode": "list",
                "block": {
                  "attributes": {
                    "as": {
                      "type": "string",
                      "description": "String that specifies the expression for the column. When queried, the column returns results derived from this expression.",
                      "description_kind": "plain",
                      "required": true
                    },
                    "name": {
                      "type": "string",
                      "description": "Column name",
                      "description_kind": "plain",
                      "required": true
                    },
                    "type": {
                      "type": "string",
                      "description": "Column type, e.g. VARIANT",
                      "description_kind": "plain",
                      "required": true
                    }
                  },
                  "description": "Definitions of a column to create in the external table. Minimum one required.",
                  "description_kind": "plain"
                },
                "min_items": 1
              },
              "tag": {
                "nesting_mode": "list",
                "block": {
                  "attributes": {
                    "database": {
                      "type": "string",
                      "description": "Name of the database that the tag was created in.",
                      "description_kind": "plain",
                      "optional": true
                    },
                    "name": {
                      "type": "string",
                      "description": "Tag name, e.g. department.",
                      "description_kind": "plain",
                      "required": true
                    },
                    "schema": {
                      "type": "string",
                      "description": "Name of the schema that the tag was created in.",
                      "description_kind": "plain",
                      "optional": true
                    },
                    "value": {
                      "type": "string",
                      "description": "Tag value, e.g. marketing_info.",
                      "description_kind": "plain",
                      "required": true
                    }
                  },
                  "description": "Definitions of a tag to associate with the resource.",
                  "description_kind": "plain",
                  "deprecated": true
                }
              }
            },
            "description_kind": "plain"
          }
        },
        "snowflake_external_table_grant": {
          "version": 0,
          "block": {
            "attributes": {
              "database_name": {
                "type": "string",
                "description": "The name of the database containing the current or future external tables on which to grant privileges.",
                "description_kind": "plain",
                "required": true
              },
              "enable_multiple_grants": {
                "type": "bool",
                "description": "When this is set to true, multiple grants of the same type can be created. This will cause Terraform to not revoke grants applied to roles and objects outside Terraform.",
                "description_kind": "plain",
                "optional": true
              },
              "external_table_name": {
                "type": "string",
                "description": "The name of the external table on which to grant privileges immediately (only valid if on_future is false).",
                "description_kind": "plain",
                "optional": true
              },
              "id": {
                "type": "string",
                "description_kind": "plain",
                "optional": true,
                "computed": true
              },
              "on_all": {
                "type": "bool",
                "description": "When this is set to true and a schema_name is provided, apply this grant on all external tables in the given schema. When this is true and no schema_name is provided apply this grant on all external tables in the given database. The external_table_name and shares fields must be unset in order to use on_all. Cannot be used together with on_future.",
                "description_kind": "plain",
                "optional": true
              },
              "on_future": {
                "type": "bool",
                "description": "When this is set to true and a schema_name is provided, apply this grant on all future external tables in the given schema. When this is true and no schema_name is provided apply this grant on all future external tables in the given database. The external_table_name and shares fields must be unset in order to use on_future. Cannot be used together with on_all.",
                "description_kind": "plain",
                "optional": true
              },
              "privilege": {
                "type": "string",
                "description": "The privilege to grant on the current or future external table. To grant all privileges, use the value `ALL PRIVILEGES`",
                "description_kind": "plain",
                "optional": true
              },
              "revert_ownership_to_role_name": {
                "type": "string",
                "description": "The name of the role to revert ownership to on destroy. Has no effect unless `privilege` is set to `OWNERSHIP`",
                "description_kind": "plain",
                "optional": true
              },
              "roles": {
                "type": [
                  "set",
                  "string"
                ],
                "description": "Grants privilege to these roles.",
                "description_kind": "plain",
                "required": true
              },
              "schema_name": {
                "type": "string",
                "description": "The name of the schema containing the current or future external tables on which to grant privileges.",
                "description_kind": "plain",
                "optional": true
              },
              "shares": {
                "type": [
                  "set",
                  "string"
                ],
                "description": "Grants privilege to these shares (only valid if on_future is false).",
                "description_kind": "plain",
                "optional": true
              },
              "with_grant_option": {
                "type": "bool",
                "description": "When this is set to true, allows the recipient role to grant the privileges to other roles.",
                "description_kind": "plain",
                "optional": true
              }
            },
            "description_kind": "plain",
            "deprecated": true
          }
        },
        "snowflake_failover_group": {
          "version": 0,
          "block": {
            "attributes": {
              "allowed_accounts": {
                "type": [
                  "set",
                  "string"
                ],
                "description": "Specifies the target account or list of target accounts to which replication and failover of specified objects from the source account is enabled. Secondary failover groups in the target accounts in this list can be promoted to serve as the primary failover group in case of failover. Expected in the form <org_name>.<target_account_name>",
                "description_kind": "plain",
                "optional": true
              },
              "allowed_databases": {
                "type": [
                  "set",
                  "string"
                ],
                "description": "Specifies the database or list of databases for which you are enabling replication and failover from the source account to the target account. The OBJECT_TYPES list must include DATABASES to set this parameter.",
                "description_kind": "plain",
                "optional": true
              },
              "allowed_integration_types": {
                "type": [
                  "set",
                  "string"
                ],
                "description": "Type(s) of integrations for which you are enabling replication and failover from the source account to the target account. This property requires that the OBJECT_TYPES list include INTEGRATIONS to set this parameter. The following integration types are supported: \"SECURITY INTEGRATIONS\", \"API INTEGRATIONS\"",
                "description_kind": "plain",
                "optional": true
              },
              "allowed_shares": {
                "type": [
                  "set",
                  "string"
                ],
                "description": "Specifies the share or list of shares for which you are enabling replication and failover from the source account to the target account. The OBJECT_TYPES list must include SHARES to set this parameter.",
                "description_kind": "plain",
                "optional": true
              },
              "id": {
                "type": "string",
                "description_kind": "plain",
                "optional": true,
                "computed": true
              },
              "ignore_edition_check": {
                "type": "bool",
                "description": "Allows replicating objects to accounts on lower editions.",
                "description_kind": "plain",
                "optional": true
              },
              "name": {
                "type": "string",
                "description": "Specifies the identifier for the failover group. The identifier must start with an alphabetic character and cannot contain spaces or special characters unless the identifier string is enclosed in double quotes (e.g. \"My object\"). Identifiers enclosed in double quotes are also case-sensitive.",
                "description_kind": "plain",
                "required": true
              },
              "object_types": {
                "type": [
                  "set",
                  "string"
                ],
                "description": "Type(s) of objects for which you are enabling replication and failover from the source account to the target account. The following object types are supported: \"ACCOUNT PARAMETERS\", \"DATABASES\", \"INTEGRATIONS\", \"NETWORK POLICIES\", \"RESOURCE MONITORS\", \"ROLES\", \"SHARES\", \"USERS\", \"WAREHOUSES\"",
                "description_kind": "plain",
                "optional": true
              }
            },
            "block_types": {
              "from_replica": {
                "nesting_mode": "list",
                "block": {
                  "attributes": {
                    "name": {
                      "type": "string",
                      "description": "Identifier for the primary failover group in the source account.",
                      "description_kind": "plain",
                      "required": true
                    },
                    "organization_name": {
                      "type": "string",
                      "description": "Name of your Snowflake organization.",
                      "description_kind": "plain",
                      "required": true
                    },
                    "source_account_name": {
                      "type": "string",
                      "description": "Source account from which you are enabling replication and failover of the specified objects.",
                      "description_kind": "plain",
                      "required": true
                    }
                  },
                  "description": "Specifies the name of the replica to use as the source for the failover group.",
                  "description_kind": "plain"
                },
                "max_items": 1
              },
              "replication_schedule": {
                "nesting_mode": "list",
                "block": {
                  "attributes": {
                    "interval": {
                      "type": "number",
                      "description": "Specifies the interval in minutes for the replication schedule. The interval must be greater than 0 and less than 1440 (24 hours).",
                      "description_kind": "plain",
                      "optional": true
                    }
                  },
                  "block_types": {
                    "cron": {
                      "nesting_mode": "list",
                      "block": {
                        "attributes": {
                          "expression": {
                            "type": "string",
                            "description": "Specifies the cron expression for the replication schedule. The cron expression must be in the following format: \"minute hour day-of-month month day-of-week\". The following values are supported: minute: 0-59 hour: 0-23 day-of-month: 1-31 month: 1-12 day-of-week: 0-6 (0 is Sunday)",
                            "description_kind": "plain",
                            "required": true
                          },
                          "time_zone": {
                            "type": "string",
                            "description": "Specifies the time zone for secondary group refresh.",
                            "description_kind": "plain",
                            "required": true
                          }
                        },
                        "description": "Specifies the cron expression for the replication schedule. The cron expression must be in the following format: \"minute hour day-of-month month day-of-week\". The following values are supported: minute: 0-59 hour: 0-23 day-of-month: 1-31 month: 1-12 day-of-week: 0-6 (0 is Sunday)",
                        "description_kind": "plain"
                      },
                      "max_items": 1
                    }
                  },
                  "description": "Specifies the schedule for refreshing secondary failover groups.",
                  "description_kind": "plain"
                },
                "max_items": 1
              }
            },
            "description_kind": "plain"
          }
        },
        "snowflake_failover_group_grant": {
          "version": 0,
          "block": {
            "attributes": {
              "enable_multiple_grants": {
                "type": "bool",
                "description": "When this is set to true, multiple grants of the same type can be created. This will cause Terraform to not revoke grants applied to roles and objects outside Terraform.",
                "description_kind": "plain",
                "optional": true
              },
              "failover_group_name": {
                "type": "string",
                "description": "The name of the failover group on which to grant privileges.",
                "description_kind": "plain",
                "optional": true
              },
              "id": {
                "type": "string",
                "description_kind": "plain",
                "optional": true,
                "computed": true
              },
              "privilege": {
                "type": "string",
                "description": "The privilege to grant on the failover group. To grant all privileges, use the value `ALL PRIVILEGES`",
                "description_kind": "plain",
                "optional": true
              },
              "revert_ownership_to_role_name": {
                "type": "string",
                "description": "The name of the role to revert ownership to on destroy. Has no effect unless `privilege` is set to `OWNERSHIP`",
                "description_kind": "plain",
                "optional": true
              },
              "roles": {
                "type": [
                  "set",
                  "string"
                ],
                "description": "Grants privilege to these roles.",
                "description_kind": "plain",
                "required": true
              },
              "with_grant_option": {
                "type": "bool",
                "description": "When this is set to true, allows the recipient role to grant the privileges to other roles.",
                "description_kind": "plain",
                "optional": true
              }
            },
            "description_kind": "plain",
            "deprecated": true
          }
        },
        "snowflake_file_format": {
          "version": 0,
          "block": {
            "attributes": {
              "allow_duplicate": {
                "type": "bool",
                "description": "Boolean that specifies to allow duplicate object field names (only the last one will be preserved).",
                "description_kind": "plain",
                "optional": true
              },
              "binary_as_text": {
                "type": "bool",
                "description": "Boolean that specifies whether to interpret columns with no defined logical data type as UTF-8 text.",
                "description_kind": "plain",
                "optional": true
              },
              "binary_format": {
                "type": "string",
                "description": "Defines the encoding format for binary input or output.",
                "description_kind": "plain",
                "optional": true,
                "computed": true
              },
              "comment": {
                "type": "string",
                "description": "Specifies a comment for the file format.",
                "description_kind": "plain",
                "optional": true
              },
              "compression": {
                "type": "string",
                "description": "Specifies the current compression algorithm for the data file.",
                "description_kind": "plain",
                "optional": true,
                "computed": true
              },
              "database": {
                "type": "string",
                "description": "The database in which to create the file format.",
                "description_kind": "plain",
                "required": true
              },
              "date_format": {
                "type": "string",
                "description": "Defines the format of date values in the data files (data loading) or table (data unloading).",
                "description_kind": "plain",
                "optional": true,
                "computed": true
              },
              "disable_auto_convert": {
                "type": "bool",
                "description": "Boolean that specifies whether the XML parser disables automatic conversion of numeric and Boolean values from text to native representation.",
                "description_kind": "plain",
                "optional": true
              },
              "disable_snowflake_data": {
                "type": "bool",
                "description": "Boolean that specifies whether the XML parser disables recognition of Snowflake semi-structured data tags.",
                "description_kind": "plain",
                "optional": true
              },
              "empty_field_as_null": {
                "type": "bool",
                "description": "Specifies whether to insert SQL NULL for empty fields in an input file, which are represented by two successive delimiters.",
                "description_kind": "plain",
                "optional": true
              },
              "enable_octal": {
                "type": "bool",
                "description": "Boolean that enables parsing of octal numbers.",
                "description_kind": "plain",
                "optional": true
              },
              "encoding": {
                "type": "string",
                "description": "String (constant) that specifies the character set of the source data when loading data into a table.",
                "description_kind": "plain",
                "optional": true,
                "computed": true
              },
              "error_on_column_count_mismatch": {
                "type": "bool",
                "description": "Boolean that specifies whether to generate a parsing error if the number of delimited columns (i.e. fields) in an input file does not match the number of columns in the corresponding table.",
                "description_kind": "plain",
                "optional": true
              },
              "escape": {
                "type": "string",
                "description": "Single character string used as the escape character for field values.",
                "description_kind": "plain",
                "optional": true,
                "computed": true
              },
              "escape_unenclosed_field": {
                "type": "string",
                "description": "Single character string used as the escape character for unenclosed field values only.",
                "description_kind": "plain",
                "optional": true,
                "computed": true
              },
              "field_delimiter": {
                "type": "string",
                "description": "Specifies one or more singlebyte or multibyte characters that separate fields in an input file (data loading) or unloaded file (data unloading).",
                "description_kind": "plain",
                "optional": true,
                "computed": true
              },
              "field_optionally_enclosed_by": {
                "type": "string",
                "description": "Character used to enclose strings.",
                "description_kind": "plain",
                "optional": true,
                "computed": true
              },
              "file_extension": {
                "type": "string",
                "description": "Specifies the extension for files unloaded to a stage.",
                "description_kind": "plain",
                "optional": true
              },
              "format_type": {
                "type": "string",
                "description": "Specifies the format of the input files (for data loading) or output files (for data unloading).",
                "description_kind": "plain",
                "required": true
              },
              "id": {
                "type": "string",
                "description_kind": "plain",
                "optional": true,
                "computed": true
              },
              "ignore_utf8_errors": {
                "type": "bool",
                "description": "Boolean that specifies whether UTF-8 encoding errors produce error conditions.",
                "description_kind": "plain",
                "optional": true
              },
              "name": {
                "type": "string",
                "description": "Specifies the identifier for the file format; must be unique for the database and schema in which the file format is created.",
                "description_kind": "plain",
                "required": true
              },
              "null_if": {
                "type": [
                  "list",
                  "string"
                ],
                "description": "String used to convert to and from SQL NULL.",
                "description_kind": "plain",
                "optional": true,
                "computed": true
              },
              "parse_header": {
                "type": "bool",
                "description": "Boolean that specifies whether to use the first row headers in the data files to determine column names.",
                "description_kind": "plain",
                "optional": true
              },
              "preserve_space": {
                "type": "bool",
                "description": "Boolean that specifies whether the XML parser preserves leading and trailing spaces in element content.",
                "description_kind": "plain",
                "optional": true
              },
              "record_delimiter": {
                "type": "string",
                "description": "Specifies one or more singlebyte or multibyte characters that separate records in an input file (data loading) or unloaded file (data unloading).",
                "description_kind": "plain",
                "optional": true,
                "computed": true
              },
              "replace_invalid_characters": {
                "type": "bool",
                "description": "Boolean that specifies whether to replace invalid UTF-8 characters with the Unicode replacement character (�).",
                "description_kind": "plain",
                "optional": true
              },
              "schema": {
                "type": "string",
                "description": "The schema in which to create the file format.",
                "description_kind": "plain",
                "required": true
              },
              "skip_blank_lines": {
                "type": "bool",
                "description": "Boolean that specifies to skip any blank lines encountered in the data files.",
                "description_kind": "plain",
                "optional": true
              },
              "skip_byte_order_mark": {
                "type": "bool",
                "description": "Boolean that specifies whether to skip the BOM (byte order mark), if present in a data file.",
                "description_kind": "plain",
                "optional": true
              },
              "skip_header": {
                "type": "number",
                "description": "Number of lines at the start of the file to skip.",
                "description_kind": "plain",
                "optional": true
              },
              "strip_null_values": {
                "type": "bool",
                "description": "Boolean that instructs the JSON parser to remove object fields or array elements containing null values.",
                "description_kind": "plain",
                "optional": true
              },
              "strip_outer_array": {
                "type": "bool",
                "description": "Boolean that instructs the JSON parser to remove outer brackets.",
                "description_kind": "plain",
                "optional": true
              },
              "strip_outer_element": {
                "type": "bool",
                "description": "Boolean that specifies whether the XML parser strips out the outer XML element, exposing 2nd level elements as separate documents.",
                "description_kind": "plain",
                "optional": true
              },
              "time_format": {
                "type": "string",
                "description": "Defines the format of time values in the data files (data loading) or table (data unloading).",
                "description_kind": "plain",
                "optional": true,
                "computed": true
              },
              "timestamp_format": {
                "type": "string",
                "description": "Defines the format of timestamp values in the data files (data loading) or table (data unloading).",
                "description_kind": "plain",
                "optional": true,
                "computed": true
              },
              "trim_space": {
                "type": "bool",
                "description": "Boolean that specifies whether to remove white space from fields.",
                "description_kind": "plain",
                "optional": true
              }
            },
            "description_kind": "plain"
          }
        },
        "snowflake_file_format_grant": {
          "version": 0,
          "block": {
            "attributes": {
              "database_name": {
                "type": "string",
                "description": "The name of the database containing the current or future file formats on which to grant privileges.",
                "description_kind": "plain",
                "required": true
              },
              "enable_multiple_grants": {
                "type": "bool",
                "description": "When this is set to true, multiple grants of the same type can be created. This will cause Terraform to not revoke grants applied to roles and objects outside Terraform.",
                "description_kind": "plain",
                "optional": true
              },
              "file_format_name": {
                "type": "string",
                "description": "The name of the file format on which to grant privileges immediately (only valid if on_future is false).",
                "description_kind": "plain",
                "optional": true
              },
              "id": {
                "type": "string",
                "description_kind": "plain",
                "optional": true,
                "computed": true
              },
              "on_all": {
                "type": "bool",
                "description": "When this is set to true and a schema_name is provided, apply this grant on all file formats in the given schema. When this is true and no schema_name is provided apply this grant on all file formats in the given database. The file_format_name field must be unset in order to use on_all. Cannot be used together with on_future.",
                "description_kind": "plain",
                "optional": true
              },
              "on_future": {
                "type": "bool",
                "description": "When this is set to true and a schema_name is provided, apply this grant on all future file formats in the given schema. When this is true and no schema_name is provided apply this grant on all future file formats in the given database. The file_format_name field must be unset in order to use on_future. Cannot be used together with on_all.",
                "description_kind": "plain",
                "optional": true
              },
              "privilege": {
                "type": "string",
                "description": "The privilege to grant on the current or future file format. To grant all privileges, use the value `ALL PRIVILEGES`",
                "description_kind": "plain",
                "optional": true
              },
              "revert_ownership_to_role_name": {
                "type": "string",
                "description": "The name of the role to revert ownership to on destroy. Has no effect unless `privilege` is set to `OWNERSHIP`",
                "description_kind": "plain",
                "optional": true
              },
              "roles": {
                "type": [
                  "set",
                  "string"
                ],
                "description": "Grants privilege to these roles.",
                "description_kind": "plain",
                "required": true
              },
              "schema_name": {
                "type": "string",
                "description": "The name of the schema containing the current or future file formats on which to grant privileges.",
                "description_kind": "plain",
                "optional": true
              },
              "with_grant_option": {
                "type": "bool",
                "description": "When this is set to true, allows the recipient role to grant the privileges to other roles.",
                "description_kind": "plain",
                "optional": true
              }
            },
            "description_kind": "plain",
            "deprecated": true
          }
        },
        "snowflake_function": {
          "version": 0,
          "block": {
            "attributes": {
              "comment": {
                "type": "string",
                "description": "Specifies a comment for the function.",
                "description_kind": "plain",
                "optional": true
              },
              "database": {
                "type": "string",
                "description": "The database in which to create the function. Don't use the | character.",
                "description_kind": "plain",
                "required": true
              },
              "handler": {
                "type": "string",
                "description": "The handler method for Java / Python function.",
                "description_kind": "plain",
                "optional": true
              },
              "id": {
                "type": "string",
                "description_kind": "plain",
                "optional": true,
                "computed": true
              },
              "imports": {
                "type": [
                  "list",
                  "string"
                ],
                "description": "Imports for Java / Python functions. For Java this a list of jar files, for Python this is a list of Python files.",
                "description_kind": "plain",
                "optional": true
              },
              "is_secure": {
                "type": "bool",
                "description": "Specifies that the function is secure.",
                "description_kind": "plain",
                "optional": true
              },
              "language": {
                "type": "string",
                "description": "The language of the statement",
                "description_kind": "plain",
                "optional": true
              },
              "name": {
                "type": "string",
                "description": "Specifies the identifier for the function; does not have to be unique for the schema in which the function is created. Don't use the | character.",
                "description_kind": "plain",
                "required": true
              },
              "null_input_behavior": {
                "type": "string",
                "description": "Specifies the behavior of the function when called with null inputs.",
                "description_kind": "plain",
                "optional": true
              },
              "packages": {
                "type": [
                  "list",
                  "string"
                ],
                "description": "List of package imports to use for Java / Python functions. For Java, package imports should be of the form: package_name:version_number, where package_name is snowflake_domain:package. For Python use it should be: ('numpy','pandas','xgboost==1.5.0').",
                "description_kind": "plain",
                "optional": true
              },
              "return_behavior": {
                "type": "string",
                "description": "Specifies the behavior of the function when returning results",
                "description_kind": "plain",
                "optional": true
              },
              "return_type": {
                "type": "string",
                "description": "The return type of the function",
                "description_kind": "plain",
                "required": true
              },
              "runtime_version": {
                "type": "string",
                "description": "Required for Python functions. Specifies Python runtime version.",
                "description_kind": "plain",
                "optional": true
              },
              "schema": {
                "type": "string",
                "description": "The schema in which to create the function. Don't use the | character.",
                "description_kind": "plain",
                "required": true
              },
              "statement": {
                "type": "string",
                "description": "Specifies the javascript / java / sql / python code used to create the function.",
                "description_kind": "plain",
                "required": true
              },
              "target_path": {
                "type": "string",
                "description": "The target path for the Java / Python functions. For Java, it is the path of compiled jar files and for the Python it is the path of the Python files.",
                "description_kind": "plain",
                "optional": true
              }
            },
            "block_types": {
              "arguments": {
                "nesting_mode": "list",
                "block": {
                  "attributes": {
                    "name": {
                      "type": "string",
                      "description": "The argument name",
                      "description_kind": "plain",
                      "required": true
                    },
                    "type": {
                      "type": "string",
                      "description": "The argument type",
                      "description_kind": "plain",
                      "required": true
                    }
                  },
                  "description": "List of the arguments for the function",
                  "description_kind": "plain"
                }
              }
            },
            "description_kind": "plain"
          }
        },
        "snowflake_function_grant": {
          "version": 0,
          "block": {
            "attributes": {
              "argument_data_types": {
                "type": [
                  "list",
                  "string"
                ],
                "description": "List of the argument data types for the function (must be present if function has arguments and function_name is present)",
                "description_kind": "plain",
                "optional": true
              },
              "database_name": {
                "type": "string",
                "description": "The name of the database containing the current or future functions on which to grant privileges.",
                "description_kind": "plain",
                "required": true
              },
              "enable_multiple_grants": {
                "type": "bool",
                "description": "When this is set to true, multiple grants of the same type can be created. This will cause Terraform to not revoke grants applied to roles and objects outside Terraform.",
                "description_kind": "plain",
                "optional": true
              },
              "function_name": {
                "type": "string",
                "description": "The name of the function on which to grant privileges immediately (only valid if on_future is false).",
                "description_kind": "plain",
                "optional": true
              },
              "id": {
                "type": "string",
                "description_kind": "plain",
                "optional": true,
                "computed": true
              },
              "on_all": {
                "type": "bool",
                "description": "When this is set to true and a schema_name is provided, apply this grant on all functions in the given schema. When this is true and no schema_name is provided apply this grant on all functions in the given database. The function_name, arguments, return_type, and shares fields must be unset in order to use on_all. Cannot be used together with on_future.",
                "description_kind": "plain",
                "optional": true
              },
              "on_future": {
                "type": "bool",
                "description": "When this is set to true and a schema_name is provided, apply this grant on all future functions in the given schema. When this is true and no schema_name is provided apply this grant on all future functions in the given database. The function_name, arguments, return_type, and shares fields must be unset in order to use on_future. Cannot be used together with on_all.",
                "description_kind": "plain",
                "optional": true
              },
              "privilege": {
                "type": "string",
                "description": "The privilege to grant on the current or future function. Must be one of `USAGE` or `OWNERSHIP`. To grant all privileges, use the value `ALL PRIVILEGES`",
                "description_kind": "plain",
                "optional": true
              },
              "revert_ownership_to_role_name": {
                "type": "string",
                "description": "The name of the role to revert ownership to on destroy. Has no effect unless `privilege` is set to `OWNERSHIP`",
                "description_kind": "plain",
                "optional": true
              },
              "roles": {
                "type": [
                  "set",
                  "string"
                ],
                "description": "Grants privilege to these roles.",
                "description_kind": "plain",
                "required": true
              },
              "schema_name": {
                "type": "string",
                "description": "The name of the schema containing the current or future functions on which to grant privileges.",
                "description_kind": "plain",
                "optional": true
              },
              "shares": {
                "type": [
                  "set",
                  "string"
                ],
                "description": "Grants privilege to these shares (only valid if on_future is false).",
                "description_kind": "plain",
                "optional": true
              },
              "with_grant_option": {
                "type": "bool",
                "description": "When this is set to true, allows the recipient role to grant the privileges to other roles.",
                "description_kind": "plain",
                "optional": true
              }
            },
            "description_kind": "plain",
            "deprecated": true
          }
        },
        "snowflake_grant_privileges_to_role": {
          "version": 0,
          "block": {
            "attributes": {
              "all_privileges": {
                "type": "bool",
                "description": "Grant all privileges on the account role.",
                "description_kind": "plain",
                "optional": true
              },
              "id": {
                "type": "string",
                "description_kind": "plain",
                "optional": true,
                "computed": true
              },
              "on_account": {
                "type": "bool",
                "description": "If true, the privileges will be granted on the account.",
                "description_kind": "plain",
                "optional": true
              },
              "privileges": {
                "type": [
                  "set",
                  "string"
                ],
                "description": "The privileges to grant on the account role.",
                "description_kind": "plain",
                "optional": true
              },
              "role_name": {
                "type": "string",
                "description": "The fully qualified name of the role to which privileges will be granted.",
                "description_kind": "plain",
                "required": true
              },
              "with_grant_option": {
                "type": "bool",
                "description": "Specifies whether the grantee can grant the privileges to other users.",
                "description_kind": "plain",
                "optional": true
              }
            },
            "block_types": {
              "on_account_object": {
                "nesting_mode": "list",
                "block": {
                  "attributes": {
                    "object_name": {
                      "type": "string",
                      "description": "The fully qualified name of the object on which privileges will be granted.",
                      "description_kind": "plain",
                      "required": true
                    },
                    "object_type": {
                      "type": "string",
                      "description": "The object type of the account object on which privileges will be granted. Valid values are: USER | RESOURCE MONITOR | WAREHOUSE | DATABASE | INTEGRATION | FAILOVER GROUP | REPLICATION GROUP | EXTERNAL VOLUME",
                      "description_kind": "plain",
                      "required": true
                    }
                  },
                  "description": "Specifies the account object on which privileges will be granted ",
                  "description_kind": "plain"
                },
                "max_items": 1
              },
              "on_schema": {
                "nesting_mode": "list",
                "block": {
                  "attributes": {
                    "all_schemas_in_database": {
                      "type": "string",
                      "description": "The fully qualified name of the database.",
                      "description_kind": "plain",
                      "optional": true
                    },
                    "future_schemas_in_database": {
                      "type": "string",
                      "description": "The fully qualified name of the database.",
                      "description_kind": "plain",
                      "optional": true
                    },
                    "schema_name": {
                      "type": "string",
                      "description": "The fully qualified name of the schema.",
                      "description_kind": "plain",
                      "optional": true
                    }
                  },
                  "description": "Specifies the schema on which privileges will be granted.",
                  "description_kind": "plain"
                },
                "max_items": 1
              },
              "on_schema_object": {
                "nesting_mode": "list",
                "block": {
                  "attributes": {
                    "object_name": {
                      "type": "string",
                      "description": "The fully qualified name of the object on which privileges will be granted.",
                      "description_kind": "plain",
                      "optional": true
                    },
                    "object_type": {
                      "type": "string",
                      "description": "The object type of the schema object on which privileges will be granted. Valid values are: ALERT | DYNAMIC TABLE | EVENT TABLE | FILE FORMAT | FUNCTION | ICEBERG TABLE | PROCEDURE | SECRET | SEQUENCE | PIPE | MASKING POLICY | PASSWORD POLICY | ROW ACCESS POLICY | SESSION POLICY | TAG | STAGE | STREAM | TABLE | EXTERNAL TABLE | TASK | VIEW | MATERIALIZED VIEW",
                      "description_kind": "plain",
                      "optional": true
                    }
                  },
                  "block_types": {
                    "all": {
                      "nesting_mode": "list",
                      "block": {
                        "attributes": {
                          "in_database": {
                            "type": "string",
                            "description": "The fully qualified name of the database.",
                            "description_kind": "plain",
                            "optional": true
                          },
                          "in_schema": {
                            "type": "string",
                            "description": "The fully qualified name of the schema.",
                            "description_kind": "plain",
                            "optional": true
                          },
                          "object_type_plural": {
                            "type": "string",
                            "description": "The plural object type of the schema object on which privileges will be granted. Valid values are: ALERTS | DYNAMIC TABLES | EVENT TABLES | FILE FORMATS | FUNCTIONS | ICEBERG TABLES | PROCEDURES | SECRETS | SEQUENCES | PIPES | MASKING POLICIES | PASSWORD POLICIES | ROW ACCESS POLICIES | SESSION POLICIES | TAGS | STAGES | STREAMS | TABLES | EXTERNAL TABLES | TASKS | VIEWS | MATERIALIZED VIEWS",
                            "description_kind": "plain",
                            "required": true
                          }
                        },
                        "description": "Configures the privilege to be granted on all objects in eihter a database or schema.",
                        "description_kind": "plain"
                      },
                      "max_items": 1
                    },
                    "future": {
                      "nesting_mode": "list",
                      "block": {
                        "attributes": {
                          "in_database": {
                            "type": "string",
                            "description": "The fully qualified name of the database.",
                            "description_kind": "plain",
                            "optional": true
                          },
                          "in_schema": {
                            "type": "string",
                            "description": "The fully qualified name of the schema.",
                            "description_kind": "plain",
                            "optional": true
                          },
                          "object_type_plural": {
                            "type": "string",
                            "description": "The plural object type of the schema object on which privileges will be granted. Valid values are: ALERTS | DYNAMIC TABLES | EVENT TABLES | FILE FORMATS | FUNCTIONS | ICEBERG TABLES | PROCEDURES | SECRETS | SEQUENCES | PIPES | MASKING POLICIES | PASSWORD POLICIES | ROW ACCESS POLICIES | SESSION POLICIES | TAGS | STAGES | STREAMS | TABLES | EXTERNAL TABLES | TASKS | VIEWS | MATERIALIZED VIEWS",
                            "description_kind": "plain",
                            "required": true
                          }
                        },
                        "description": "Configures the privilege to be granted on future objects in eihter a database or schema.",
                        "description_kind": "plain"
                      },
                      "max_items": 1
                    }
                  },
                  "description": "Specifies the schema object on which privileges will be granted.",
                  "description_kind": "plain"
                },
                "max_items": 1
              }
            },
            "description_kind": "plain"
          }
        },
        "snowflake_integration_grant": {
          "version": 0,
          "block": {
            "attributes": {
              "enable_multiple_grants": {
                "type": "bool",
                "description": "When this is set to true, multiple grants of the same type can be created. This will cause Terraform to not revoke grants applied to roles and objects outside Terraform.",
                "description_kind": "plain",
                "optional": true
              },
              "id": {
                "type": "string",
                "description_kind": "plain",
                "optional": true,
                "computed": true
              },
              "integration_name": {
                "type": "string",
                "description": "Identifier for the integration; must be unique for your account.",
                "description_kind": "plain",
                "required": true
              },
              "privilege": {
                "type": "string",
                "description": "The privilege to grant on the integration. To grant all privileges, use the value `ALL PRIVILEGES`",
                "description_kind": "plain",
                "optional": true
              },
              "revert_ownership_to_role_name": {
                "type": "string",
                "description": "The name of the role to revert ownership to on destroy. Has no effect unless `privilege` is set to `OWNERSHIP`",
                "description_kind": "plain",
                "optional": true
              },
              "roles": {
                "type": [
                  "set",
                  "string"
                ],
                "description": "Grants privilege to these roles.",
                "description_kind": "plain",
                "optional": true
              },
              "with_grant_option": {
                "type": "bool",
                "description": "When this is set to true, allows the recipient role to grant the privileges to other roles.",
                "description_kind": "plain",
                "optional": true
              }
            },
            "description_kind": "plain",
            "deprecated": true
          }
        },
        "snowflake_managed_account": {
          "version": 0,
          "block": {
            "attributes": {
              "admin_name": {
                "type": "string",
                "description": "Identifier, as well as login name, for the initial user in the managed account. This user serves as the account administrator for the account.",
                "description_kind": "plain",
                "required": true
              },
              "admin_password": {
                "type": "string",
                "description": "Password for the initial user in the managed account.",
                "description_kind": "plain",
                "required": true,
                "sensitive": true
              },
              "cloud": {
                "type": "string",
                "description": "Cloud in which the managed account is located.",
                "description_kind": "plain",
                "computed": true
              },
              "comment": {
                "type": "string",
                "description": "Specifies a comment for the managed account.",
                "description_kind": "plain",
                "optional": true
              },
              "created_on": {
                "type": "string",
                "description": "Date and time when the managed account was created.",
                "description_kind": "plain",
                "computed": true
              },
              "id": {
                "type": "string",
                "description_kind": "plain",
                "optional": true,
                "computed": true
              },
              "locator": {
                "type": "string",
                "description": "Display name of the managed account.",
                "description_kind": "plain",
                "computed": true
              },
              "name": {
                "type": "string",
                "description": "Identifier for the managed account; must be unique for your account.",
                "description_kind": "plain",
                "required": true
              },
              "region": {
                "type": "string",
                "description": "Snowflake Region in which the managed account is located.",
                "description_kind": "plain",
                "computed": true
              },
              "type": {
                "type": "string",
                "description": "Specifies the type of managed account.",
                "description_kind": "plain",
                "optional": true
              },
              "url": {
                "type": "string",
                "description": "URL for accessing the managed account, particularly through the web interface.",
                "description_kind": "plain",
                "computed": true
              }
            },
            "description_kind": "plain"
          }
        },
        "snowflake_masking_policy": {
          "version": 0,
          "block": {
            "attributes": {
              "comment": {
                "type": "string",
                "description": "Specifies a comment for the masking policy.",
                "description_kind": "plain",
                "optional": true
              },
              "database": {
                "type": "string",
                "description": "The database in which to create the masking policy.",
                "description_kind": "plain",
                "required": true
              },
              "exempt_other_policies": {
                "type": "bool",
                "description": "Specifies whether the row access policy or conditional masking policy can reference a column that is already protected by a masking policy.",
                "description_kind": "plain",
                "optional": true
              },
              "id": {
                "type": "string",
                "description_kind": "plain",
                "optional": true,
                "computed": true
              },
              "if_not_exists": {
                "type": "bool",
                "description": "Prevent overwriting a previous masking policy with the same name.",
                "description_kind": "plain",
                "optional": true
              },
              "masking_expression": {
                "type": "string",
                "description": "Specifies the SQL expression that transforms the data.",
                "description_kind": "plain",
                "required": true
              },
              "name": {
                "type": "string",
                "description": "Specifies the identifier for the masking policy; must be unique for the database and schema in which the masking policy is created.",
                "description_kind": "plain",
                "required": true
              },
              "or_replace": {
                "type": "bool",
                "description": "Whether to override a previous masking policy with the same name.",
                "description_kind": "plain",
                "optional": true
              },
              "qualified_name": {
                "type": "string",
                "description": "Specifies the qualified identifier for the masking policy.",
                "description_kind": "plain",
                "computed": true
              },
              "return_data_type": {
                "type": "string",
                "description": "Specifies the data type to return.",
                "description_kind": "plain",
                "required": true
              },
              "schema": {
                "type": "string",
                "description": "The schema in which to create the masking policy.",
                "description_kind": "plain",
                "required": true
              }
            },
            "block_types": {
              "signature": {
                "nesting_mode": "list",
                "block": {
                  "block_types": {
                    "column": {
                      "nesting_mode": "list",
                      "block": {
                        "attributes": {
                          "name": {
                            "type": "string",
                            "description": "Specifies the column name to mask.",
                            "description_kind": "plain",
                            "required": true
                          },
                          "type": {
                            "type": "string",
                            "description": "Specifies the column type to mask.",
                            "description_kind": "plain",
                            "required": true
                          }
                        },
                        "description_kind": "plain"
                      },
                      "min_items": 1
                    }
                  },
                  "description": "The signature for the masking policy; specifies the input columns and data types to evaluate at query runtime.",
                  "description_kind": "plain"
                },
                "min_items": 1,
                "max_items": 1
              }
            },
            "description_kind": "plain"
          }
        },
        "snowflake_masking_policy_grant": {
          "version": 0,
          "block": {
            "attributes": {
              "database_name": {
                "type": "string",
                "description": "The name of the database containing the masking policy on which to grant privileges.",
                "description_kind": "plain",
                "required": true
              },
              "enable_multiple_grants": {
                "type": "bool",
                "description": "When this is set to true, multiple grants of the same type can be created. This will cause Terraform to not revoke grants applied to roles and objects outside Terraform.",
                "description_kind": "plain",
                "optional": true
              },
              "id": {
                "type": "string",
                "description_kind": "plain",
                "optional": true,
                "computed": true
              },
              "masking_policy_name": {
                "type": "string",
                "description": "The name of the masking policy on which to grant privileges immediately.",
                "description_kind": "plain",
                "required": true
              },
              "privilege": {
                "type": "string",
                "description": "The privilege to grant on the masking policy. To grant all privileges, use the value `ALL PRIVILEGES`",
                "description_kind": "plain",
                "optional": true
              },
              "revert_ownership_to_role_name": {
                "type": "string",
                "description": "The name of the role to revert ownership to on destroy. Has no effect unless `privilege` is set to `OWNERSHIP`",
                "description_kind": "plain",
                "optional": true
              },
              "roles": {
                "type": [
                  "set",
                  "string"
                ],
                "description": "Grants privilege to these roles.",
                "description_kind": "plain",
                "optional": true
              },
              "schema_name": {
                "type": "string",
                "description": "The name of the schema containing the masking policy on which to grant privileges.",
                "description_kind": "plain",
                "required": true
              },
              "with_grant_option": {
                "type": "bool",
                "description": "When this is set to true, allows the recipient role to grant the privileges to other roles.",
                "description_kind": "plain",
                "optional": true
              }
            },
            "description_kind": "plain",
            "deprecated": true
          }
        },
        "snowflake_materialized_view": {
          "version": 0,
          "block": {
            "attributes": {
              "comment": {
                "type": "string",
                "description": "Specifies a comment for the view.",
                "description_kind": "plain",
                "optional": true
              },
              "database": {
                "type": "string",
                "description": "The database in which to create the view. Don't use the | character.",
                "description_kind": "plain",
                "required": true
              },
              "id": {
                "type": "string",
                "description_kind": "plain",
                "optional": true,
                "computed": true
              },
              "is_secure": {
                "type": "bool",
                "description": "Specifies that the view is secure.",
                "description_kind": "plain",
                "optional": true
              },
              "name": {
                "type": "string",
                "description": "Specifies the identifier for the view; must be unique for the schema in which the view is created.",
                "description_kind": "plain",
                "required": true
              },
              "or_replace": {
                "type": "bool",
                "description": "Overwrites the View if it exists.",
                "description_kind": "plain",
                "optional": true
              },
              "schema": {
                "type": "string",
                "description": "The schema in which to create the view. Don't use the | character.",
                "description_kind": "plain",
                "required": true
              },
              "statement": {
                "type": "string",
                "description": "Specifies the query used to create the view.",
                "description_kind": "plain",
                "required": true
              },
              "warehouse": {
                "type": "string",
                "description": "The warehouse name.",
                "description_kind": "plain",
                "required": true
              }
            },
            "block_types": {
              "tag": {
                "nesting_mode": "list",
                "block": {
                  "attributes": {
                    "database": {
                      "type": "string",
                      "description": "Name of the database that the tag was created in.",
                      "description_kind": "plain",
                      "optional": true
                    },
                    "name": {
                      "type": "string",
                      "description": "Tag name, e.g. department.",
                      "description_kind": "plain",
                      "required": true
                    },
                    "schema": {
                      "type": "string",
                      "description": "Name of the schema that the tag was created in.",
                      "description_kind": "plain",
                      "optional": true
                    },
                    "value": {
                      "type": "string",
                      "description": "Tag value, e.g. marketing_info.",
                      "description_kind": "plain",
                      "required": true
                    }
                  },
                  "description": "Definitions of a tag to associate with the resource.",
                  "description_kind": "plain",
                  "deprecated": true
                }
              }
            },
            "description_kind": "plain"
          }
        },
        "snowflake_materialized_view_grant": {
          "version": 0,
          "block": {
            "attributes": {
              "database_name": {
                "type": "string",
                "description": "The name of the database containing the current or future materialized views on which to grant privileges.",
                "description_kind": "plain",
                "required": true
              },
              "enable_multiple_grants": {
                "type": "bool",
                "description": "When this is set to true, multiple grants of the same type can be created. This will cause Terraform to not revoke grants applied to roles and objects outside Terraform.",
                "description_kind": "plain",
                "optional": true
              },
              "id": {
                "type": "string",
                "description_kind": "plain",
                "optional": true,
                "computed": true
              },
              "materialized_view_name": {
                "type": "string",
                "description": "The name of the materialized view on which to grant privileges immediately (only valid if on_future and on_all are false).",
                "description_kind": "plain",
                "optional": true
              },
              "on_all": {
                "type": "bool",
                "description": "When this is set to true and a schema_name is provided, apply this grant on all materialized views in the given schema. When this is true and no schema_name is provided apply this grant on all materialized views in the given database. The materialized_view_name and shares fields must be unset in order to use on_all. Cannot be used together with on_future.",
                "description_kind": "plain",
                "optional": true
              },
              "on_future": {
                "type": "bool",
                "description": "When this is set to true and a schema_name is provided, apply this grant on all future materialized views in the given schema. When this is true and no schema_name is provided apply this grant on all future materialized views in the given database. The materialized_view_name and shares fields must be unset in order to use on_future. Cannot be used together with on_all.",
                "description_kind": "plain",
                "optional": true
              },
              "privilege": {
                "type": "string",
                "description": "The privilege to grant on the current or future materialized view. To grant all privileges, use the value `ALL PRIVILEGES`",
                "description_kind": "plain",
                "optional": true
              },
              "revert_ownership_to_role_name": {
                "type": "string",
                "description": "The name of the role to revert ownership to on destroy. Has no effect unless `privilege` is set to `OWNERSHIP`",
                "description_kind": "plain",
                "optional": true
              },
              "roles": {
                "type": [
                  "set",
                  "string"
                ],
                "description": "Grants privilege to these roles.",
                "description_kind": "plain",
                "optional": true
              },
              "schema_name": {
                "type": "string",
                "description": "The name of the schema containing the current or future materialized views on which to grant privileges.",
                "description_kind": "plain",
                "optional": true
              },
              "shares": {
                "type": [
                  "set",
                  "string"
                ],
                "description": "Grants privilege to these shares (only valid if on_future and on_all are false).",
                "description_kind": "plain",
                "optional": true
              },
              "with_grant_option": {
                "type": "bool",
                "description": "When this is set to true, allows the recipient role to grant the privileges to other roles.",
                "description_kind": "plain",
                "optional": true
              }
            },
            "description_kind": "plain",
            "deprecated": true
          }
        },
        "snowflake_network_policy": {
          "version": 0,
          "block": {
            "attributes": {
              "allowed_ip_list": {
                "type": [
                  "set",
                  "string"
                ],
                "description": "Specifies one or more IPv4 addresses (CIDR notation) that are allowed access to your Snowflake account",
                "description_kind": "plain",
                "required": true
              },
              "blocked_ip_list": {
                "type": [
                  "set",
                  "string"
                ],
                "description": "Specifies one or more IPv4 addresses (CIDR notation) that are denied access to your Snowflake account<br><br>**Do not** add `0.0.0.0/0` to `blocked_ip_list`",
                "description_kind": "plain",
                "optional": true
              },
              "comment": {
                "type": "string",
                "description": "Specifies a comment for the network policy.",
                "description_kind": "plain",
                "optional": true
              },
              "id": {
                "type": "string",
                "description_kind": "plain",
                "optional": true,
                "computed": true
              },
              "name": {
                "type": "string",
                "description": "Specifies the identifier for the network policy; must be unique for the account in which the network policy is created.",
                "description_kind": "plain",
                "required": true
              }
            },
            "description_kind": "plain"
          }
        },
        "snowflake_network_policy_attachment": {
          "version": 0,
          "block": {
            "attributes": {
              "id": {
                "type": "string",
                "description_kind": "plain",
                "optional": true,
                "computed": true
              },
              "network_policy_name": {
                "type": "string",
                "description": "Specifies the identifier for the network policy; must be unique for the account in which the network policy is created.",
                "description_kind": "plain",
                "required": true
              },
              "set_for_account": {
                "type": "bool",
                "description": "Specifies whether the network policy should be applied globally to your Snowflake account<br><br>**Note:** The Snowflake user running `terraform apply` must be on an IP address allowed by the network policy to set that policy globally on the Snowflake account.<br><br>Additionally, a Snowflake account can only have one network policy set globally at any given time. This resource does not enforce one-policy-per-account, it is the user's responsibility to enforce this. If multiple network policy resources have `set_for_account: true`, the final policy set on the account will be non-deterministic.",
                "description_kind": "plain",
                "optional": true
              },
              "users": {
                "type": [
                  "set",
                  "string"
                ],
                "description": "Specifies which users the network policy should be attached to",
                "description_kind": "plain",
                "optional": true
              }
            },
            "description_kind": "plain"
          }
        },
        "snowflake_notification_integration": {
          "version": 0,
          "block": {
            "attributes": {
              "aws_sns_external_id": {
                "type": "string",
                "description": "The external ID that Snowflake will use when assuming the AWS role",
                "description_kind": "plain",
                "computed": true
              },
              "aws_sns_iam_user_arn": {
                "type": "string",
                "description": "The Snowflake user that will attempt to assume the AWS role.",
                "description_kind": "plain",
                "computed": true
              },
              "aws_sns_role_arn": {
                "type": "string",
                "description": "AWS IAM role ARN for notification integration to assume",
                "description_kind": "plain",
                "optional": true
              },
              "aws_sns_topic_arn": {
                "type": "string",
                "description": "AWS SNS Topic ARN for notification integration to connect to",
                "description_kind": "plain",
                "optional": true
              },
              "aws_sqs_arn": {
                "type": "string",
                "description": "AWS SQS queue ARN for notification integration to connect to",
                "description_kind": "plain",
                "optional": true
              },
              "aws_sqs_external_id": {
                "type": "string",
                "description": "The external ID that Snowflake will use when assuming the AWS role",
                "description_kind": "plain",
                "computed": true
              },
              "aws_sqs_iam_user_arn": {
                "type": "string",
                "description": "The Snowflake user that will attempt to assume the AWS role.",
                "description_kind": "plain",
                "computed": true
              },
              "aws_sqs_role_arn": {
                "type": "string",
                "description": "AWS IAM role ARN for notification integration to assume",
                "description_kind": "plain",
                "optional": true
              },
              "azure_storage_queue_primary_uri": {
                "type": "string",
                "description": "The queue ID for the Azure Queue Storage queue created for Event Grid notifications",
                "description_kind": "plain",
                "optional": true
              },
              "azure_tenant_id": {
                "type": "string",
                "description": "The ID of the Azure Active Directory tenant used for identity management",
                "description_kind": "plain",
                "optional": true
              },
              "comment": {
                "type": "string",
                "description": "A comment for the integration",
                "description_kind": "plain",
                "optional": true
              },
              "created_on": {
                "type": "string",
                "description": "Date and time when the notification integration was created.",
                "description_kind": "plain",
                "computed": true
              },
              "direction": {
                "type": "string",
                "description": "Direction of the cloud messaging with respect to Snowflake (required only for error notifications)",
                "description_kind": "plain",
                "optional": true
              },
              "enabled": {
                "type": "bool",
                "description_kind": "plain",
                "optional": true
              },
              "gcp_pubsub_service_account": {
                "type": "string",
                "description": "The GCP service account identifier that Snowflake will use when assuming the GCP role",
                "description_kind": "plain",
                "computed": true
              },
              "gcp_pubsub_subscription_name": {
                "type": "string",
                "description": "The subscription id that Snowflake will listen to when using the GCP_PUBSUB provider.",
                "description_kind": "plain",
                "optional": true
              },
              "gcp_pubsub_topic_name": {
                "type": "string",
                "description": "The topic id that Snowflake will use to push notifications.",
                "description_kind": "plain",
                "optional": true
              },
              "id": {
                "type": "string",
                "description_kind": "plain",
                "optional": true,
                "computed": true
              },
              "name": {
                "type": "string",
                "description_kind": "plain",
                "required": true
              },
              "notification_provider": {
                "type": "string",
                "description": "The third-party cloud message queuing service (e.g. AZURE_STORAGE_QUEUE, AWS_SQS, AWS_SNS)",
                "description_kind": "plain",
                "optional": true
              },
              "type": {
                "type": "string",
                "description": "A type of integration",
                "description_kind": "plain",
                "optional": true
              }
            },
            "description_kind": "plain"
          }
        },
        "snowflake_oauth_integration": {
          "version": 0,
          "block": {
            "attributes": {
              "blocked_roles_list": {
                "type": [
                  "set",
                  "string"
                ],
                "description": "List of roles that a user cannot explicitly consent to using after authenticating. Do not include ACCOUNTADMIN, ORGADMIN or SECURITYADMIN as they are already implicitly enforced and will cause in-place updates.",
                "description_kind": "plain",
                "optional": true
              },
              "comment": {
                "type": "string",
                "description": "Specifies a comment for the OAuth integration.",
                "description_kind": "plain",
                "optional": true
              },
              "created_on": {
                "type": "string",
                "description": "Date and time when the OAuth integration was created.",
                "description_kind": "plain",
                "computed": true
              },
              "enabled": {
                "type": "bool",
                "description": "Specifies whether this OAuth integration is enabled or disabled.",
                "description_kind": "plain",
                "optional": true
              },
              "id": {
                "type": "string",
                "description_kind": "plain",
                "optional": true,
                "computed": true
              },
              "name": {
                "type": "string",
                "description": "Specifies the name of the OAuth integration. This name follows the rules for Object Identifiers. The name should be unique among security integrations in your account.",
                "description_kind": "plain",
                "required": true
              },
              "oauth_client": {
                "type": "string",
                "description": "Specifies the OAuth client type.",
                "description_kind": "plain",
                "required": true
              },
              "oauth_client_type": {
                "type": "string",
                "description": "Specifies the type of client being registered. Snowflake supports both confidential and public clients.",
                "description_kind": "plain",
                "optional": true
              },
              "oauth_issue_refresh_tokens": {
                "type": "bool",
                "description": "Specifies whether to allow the client to exchange a refresh token for an access token when the current access token has expired.",
                "description_kind": "plain",
                "optional": true
              },
              "oauth_redirect_uri": {
                "type": "string",
                "description": "Specifies the client URI. After a user is authenticated, the web browser is redirected to this URI.",
                "description_kind": "plain",
                "optional": true
              },
              "oauth_refresh_token_validity": {
                "type": "number",
                "description": "Specifies how long refresh tokens should be valid (in seconds). OAUTH_ISSUE_REFRESH_TOKENS must be set to TRUE.",
                "description_kind": "plain",
                "optional": true
              },
              "oauth_use_secondary_roles": {
                "type": "string",
                "description": "Specifies whether default secondary roles set in the user properties are activated by default in the session being opened.",
                "description_kind": "plain",
                "optional": true
              }
            },
            "description_kind": "plain"
          }
        },
        "snowflake_object_parameter": {
          "version": 0,
          "block": {
            "attributes": {
              "id": {
                "type": "string",
                "description_kind": "plain",
                "optional": true,
                "computed": true
              },
              "key": {
                "type": "string",
                "description": "Name of object parameter. Valid values are those in [object parameters](https://docs.snowflake.com/en/sql-reference/parameters.html#object-parameters).",
                "description_kind": "plain",
                "required": true
              },
              "object_type": {
                "type": "string",
                "description": "Type of object to which the parameter applies. Valid values are those in [object types](https://docs.snowflake.com/en/sql-reference/parameters.html#object-types). If no value is provided, then the resource will default to setting the object parameter at account level.",
                "description_kind": "plain",
                "optional": true
              },
              "on_account": {
                "type": "bool",
                "description": "If true, the object parameter will be set on the account level.",
                "description_kind": "plain",
                "optional": true
              },
              "value": {
                "type": "string",
                "description": "Value of object parameter, as a string. Constraints are the same as those for the parameters in Snowflake documentation.",
                "description_kind": "plain",
                "required": true
              }
            },
            "block_types": {
              "object_identifier": {
                "nesting_mode": "list",
                "block": {
                  "attributes": {
                    "database": {
                      "type": "string",
                      "description": "Name of the database that the object was created in.",
                      "description_kind": "plain",
                      "optional": true
                    },
                    "name": {
                      "type": "string",
                      "description": "Name of the object to set the parameter for.",
                      "description_kind": "plain",
                      "required": true
                    },
                    "schema": {
                      "type": "string",
                      "description": "Name of the schema that the object was created in.",
                      "description_kind": "plain",
                      "optional": true
                    }
                  },
                  "description": "Specifies the object identifier for the object parameter. If no value is provided, then the resource will default to setting the object parameter at account level.",
                  "description_kind": "plain"
                }
              }
            },
            "description_kind": "plain"
          }
        },
        "snowflake_password_policy": {
          "version": 0,
          "block": {
            "attributes": {
              "comment": {
                "type": "string",
                "description": "Adds a comment or overwrites an existing comment for the password policy.",
                "description_kind": "plain",
                "optional": true
              },
              "database": {
                "type": "string",
                "description": "The database this password policy belongs to.",
                "description_kind": "plain",
                "required": true
              },
              "history": {
                "type": "number",
                "description": "Specifies the number of the most recent passwords that Snowflake stores. These stored passwords cannot be repeated when a user updates their password value. The current password value does not count towards the history. When you increase the history value, Snowflake saves the previous values. When you decrease the value, Snowflake saves the stored values up to that value that is set. For example, if the history value is 8 and you change the history value to 3, Snowflake stores the most recent 3 passwords and deletes the 5 older password values from the history. Default: 0 Max: 24",
                "description_kind": "plain",
                "optional": true
              },
              "id": {
                "type": "string",
                "description_kind": "plain",
                "optional": true,
                "computed": true
              },
              "if_not_exists": {
                "type": "bool",
                "description": "Prevent overwriting a previous password policy with the same name.",
                "description_kind": "plain",
                "optional": true
              },
              "lockout_time_mins": {
                "type": "number",
                "description": "Specifies the number of minutes the user account will be locked after exhausting the designated number of password retries (i.e. PASSWORD_MAX_RETRIES). Supported range: 1 to 999, inclusive. Default: 15",
                "description_kind": "plain",
                "optional": true
              },
              "max_age_days": {
                "type": "number",
                "description": "Specifies the maximum number of days before the password must be changed. Supported range: 0 to 999, inclusive. A value of zero (i.e. 0) indicates that the password does not need to be changed. Snowflake does not recommend choosing this value for a default account-level password policy or for any user-level policy. Instead, choose a value that meets your internal security guidelines. Default: 90, which means the password must be changed every 90 days.",
                "description_kind": "plain",
                "optional": true
              },
              "max_length": {
                "type": "number",
                "description": "Specifies the maximum number of characters the password must contain. This number must be greater than or equal to the sum of PASSWORD_MIN_LENGTH, PASSWORD_MIN_UPPER_CASE_CHARS, and PASSWORD_MIN_LOWER_CASE_CHARS. Supported range: 8 to 256, inclusive. Default: 256",
                "description_kind": "plain",
                "optional": true
              },
              "max_retries": {
                "type": "number",
                "description": "Specifies the maximum number of attempts to enter a password before being locked out. Supported range: 1 to 10, inclusive. Default: 5",
                "description_kind": "plain",
                "optional": true
              },
              "min_age_days": {
                "type": "number",
                "description": "Specifies the number of days the user must wait before a recently changed password can be changed again. Supported range: 0 to 999, inclusive. Default: 0",
                "description_kind": "plain",
                "optional": true
              },
              "min_length": {
                "type": "number",
                "description": "Specifies the minimum number of characters the password must contain. Supported range: 8 to 256, inclusive. Default: 8",
                "description_kind": "plain",
                "optional": true
              },
              "min_lower_case_chars": {
                "type": "number",
                "description": "Specifies the minimum number of lowercase characters the password must contain. Supported range: 0 to 256, inclusive. Default: 1",
                "description_kind": "plain",
                "optional": true
              },
              "min_numeric_chars": {
                "type": "number",
                "description": "Specifies the minimum number of numeric characters the password must contain. Supported range: 0 to 256, inclusive. Default: 1",
                "description_kind": "plain",
                "optional": true
              },
              "min_special_chars": {
                "type": "number",
                "description": "Specifies the minimum number of special characters the password must contain. Supported range: 0 to 256, inclusive. Default: 1",
                "description_kind": "plain",
                "optional": true
              },
              "min_upper_case_chars": {
                "type": "number",
                "description": "Specifies the minimum number of uppercase characters the password must contain. Supported range: 0 to 256, inclusive. Default: 1",
                "description_kind": "plain",
                "optional": true
              },
              "name": {
                "type": "string",
                "description": "Identifier for the password policy; must be unique for your account.",
                "description_kind": "plain",
                "required": true
              },
              "or_replace": {
                "type": "bool",
                "description": "Whether to override a previous password policy with the same name.",
                "description_kind": "plain",
                "optional": true
              },
              "qualified_name": {
                "type": "string",
                "description": "The qualified name for the password policy.",
                "description_kind": "plain",
                "computed": true
              },
              "schema": {
                "type": "string",
                "description": "The schema this password policy belongs to.",
                "description_kind": "plain",
                "required": true
              }
            },
            "description": "A password policy specifies the requirements that must be met to create and reset a password to authenticate to Snowflake.",
            "description_kind": "plain"
          }
        },
        "snowflake_pipe": {
          "version": 0,
          "block": {
            "attributes": {
              "auto_ingest": {
                "type": "bool",
                "description": "Specifies a auto_ingest param for the pipe.",
                "description_kind": "plain",
                "optional": true
              },
              "aws_sns_topic_arn": {
                "type": "string",
                "description": "Specifies the Amazon Resource Name (ARN) for the SNS topic for your S3 bucket.",
                "description_kind": "plain",
                "optional": true
              },
              "comment": {
                "type": "string",
                "description": "Specifies a comment for the pipe.",
                "description_kind": "plain",
                "optional": true
              },
              "copy_statement": {
                "type": "string",
                "description": "Specifies the copy statement for the pipe.",
                "description_kind": "plain",
                "required": true
              },
              "database": {
                "type": "string",
                "description": "The database in which to create the pipe.",
                "description_kind": "plain",
                "required": true
              },
              "error_integration": {
                "type": "string",
                "description": "Specifies the name of the notification integration used for error notifications.",
                "description_kind": "plain",
                "optional": true
              },
              "id": {
                "type": "string",
                "description_kind": "plain",
                "optional": true,
                "computed": true
              },
              "integration": {
                "type": "string",
                "description": "Specifies an integration for the pipe.",
                "description_kind": "plain",
                "optional": true
              },
              "name": {
                "type": "string",
                "description": "Specifies the identifier for the pipe; must be unique for the database and schema in which the pipe is created.",
                "description_kind": "plain",
                "required": true
              },
              "notification_channel": {
                "type": "string",
                "description": "Amazon Resource Name of the Amazon SQS queue for the stage named in the DEFINITION column.",
                "description_kind": "plain",
                "computed": true
              },
              "owner": {
                "type": "string",
                "description": "Name of the role that owns the pipe.",
                "description_kind": "plain",
                "computed": true
              },
              "schema": {
                "type": "string",
                "description": "The schema in which to create the pipe.",
                "description_kind": "plain",
                "required": true
              }
            },
            "description_kind": "plain"
          }
        },
        "snowflake_pipe_grant": {
          "version": 0,
          "block": {
            "attributes": {
              "database_name": {
                "type": "string",
                "description": "The name of the database containing the current or future pipes on which to grant privileges.",
                "description_kind": "plain",
                "required": true
              },
              "enable_multiple_grants": {
                "type": "bool",
                "description": "When this is set to true, multiple grants of the same type can be created. This will cause Terraform to not revoke grants applied to roles and objects outside Terraform.",
                "description_kind": "plain",
                "optional": true
              },
              "id": {
                "type": "string",
                "description_kind": "plain",
                "optional": true,
                "computed": true
              },
              "on_future": {
                "type": "bool",
                "description": "When this is set to true and a schema_name is provided, apply this grant on all future pipes in the given schema. When this is true and no schema_name is provided apply this grant on all future pipes in the given database. The pipe_name field must be unset in order to use on_future.",
                "description_kind": "plain",
                "optional": true
              },
              "pipe_name": {
                "type": "string",
                "description": "The name of the pipe on which to grant privileges immediately (only valid if on_future is false).",
                "description_kind": "plain",
                "optional": true
              },
              "privilege": {
                "type": "string",
                "description": "The privilege to grant on the current or future pipe. To grant all privileges, use the value `ALL PRIVILEGES`",
                "description_kind": "plain",
                "optional": true
              },
              "revert_ownership_to_role_name": {
                "type": "string",
                "description": "The name of the role to revert ownership to on destroy. Has no effect unless `privilege` is set to `OWNERSHIP`",
                "description_kind": "plain",
                "optional": true
              },
              "roles": {
                "type": [
                  "set",
                  "string"
                ],
                "description": "Grants privilege to these roles.",
                "description_kind": "plain",
                "optional": true
              },
              "schema_name": {
                "type": "string",
                "description": "The name of the schema containing the current or future pipes on which to grant privileges.",
                "description_kind": "plain",
                "optional": true
              },
              "with_grant_option": {
                "type": "bool",
                "description": "When this is set to true, allows the recipient role to grant the privileges to other roles.",
                "description_kind": "plain",
                "optional": true
              }
            },
            "description_kind": "plain",
            "deprecated": true
          }
        },
        "snowflake_procedure": {
          "version": 0,
          "block": {
            "attributes": {
              "comment": {
                "type": "string",
                "description": "Specifies a comment for the procedure.",
                "description_kind": "plain",
                "optional": true
              },
              "database": {
                "type": "string",
                "description": "The database in which to create the procedure. Don't use the | character.",
                "description_kind": "plain",
                "required": true
              },
              "execute_as": {
                "type": "string",
                "description": "Sets execute context - see caller's rights and owner's rights",
                "description_kind": "plain",
                "optional": true
              },
              "handler": {
                "type": "string",
                "description": "The handler method for Java / Python procedures.",
                "description_kind": "plain",
                "optional": true
              },
              "id": {
                "type": "string",
                "description_kind": "plain",
                "optional": true,
                "computed": true
              },
              "imports": {
                "type": [
                  "list",
                  "string"
                ],
                "description": "Imports for Java / Python procedures. For Java this a list of jar files, for Python this is a list of Python files.",
                "description_kind": "plain",
                "optional": true
              },
              "language": {
                "type": "string",
                "description": "Specifies the language of the stored procedure code.",
                "description_kind": "plain",
                "optional": true
              },
              "name": {
                "type": "string",
                "description": "Specifies the identifier for the procedure; does not have to be unique for the schema in which the procedure is created. Don't use the | character.",
                "description_kind": "plain",
                "required": true
              },
              "null_input_behavior": {
                "type": "string",
                "description": "Specifies the behavior of the procedure when called with null inputs.",
                "description_kind": "plain",
                "optional": true
              },
              "packages": {
                "type": [
                  "list",
                  "string"
                ],
                "description": "List of package imports to use for Java / Python procedures. For Java, package imports should be of the form: package_name:version_number, where package_name is snowflake_domain:package. For Python use it should be: ('numpy','pandas','xgboost==1.5.0').",
                "description_kind": "plain",
                "optional": true
              },
              "return_behavior": {
                "type": "string",
                "description": "Specifies the behavior of the function when returning results",
                "description_kind": "plain",
                "optional": true
              },
              "return_type": {
                "type": "string",
                "description": "The return type of the procedure",
                "description_kind": "plain",
                "required": true
              },
              "runtime_version": {
                "type": "string",
                "description": "Required for Python procedures. Specifies Python runtime version.",
                "description_kind": "plain",
                "optional": true
              },
              "schema": {
                "type": "string",
                "description": "The schema in which to create the procedure. Don't use the | character.",
                "description_kind": "plain",
                "required": true
              },
              "statement": {
                "type": "string",
                "description": "Specifies the code used to create the procedure.",
                "description_kind": "plain",
                "required": true
              }
            },
            "block_types": {
              "arguments": {
                "nesting_mode": "list",
                "block": {
                  "attributes": {
                    "name": {
                      "type": "string",
                      "description": "The argument name",
                      "description_kind": "plain",
                      "required": true
                    },
                    "type": {
                      "type": "string",
                      "description": "The argument type",
                      "description_kind": "plain",
                      "required": true
                    }
                  },
                  "description": "List of the arguments for the procedure",
                  "description_kind": "plain"
                }
              }
            },
            "description_kind": "plain"
          }
        },
        "snowflake_procedure_grant": {
          "version": 0,
          "block": {
            "attributes": {
              "argument_data_types": {
                "type": [
                  "list",
                  "string"
                ],
                "description": "List of the argument data types for the procedure (must be present if procedure has arguments and procedure_name is present)",
                "description_kind": "plain",
                "optional": true
              },
              "database_name": {
                "type": "string",
                "description": "The name of the database containing the current or future procedures on which to grant privileges.",
                "description_kind": "plain",
                "required": true
              },
              "enable_multiple_grants": {
                "type": "bool",
                "description": "When this is set to true, multiple grants of the same type can be created. This will cause Terraform to not revoke grants applied to roles and objects outside Terraform.",
                "description_kind": "plain",
                "optional": true
              },
              "id": {
                "type": "string",
                "description_kind": "plain",
                "optional": true,
                "computed": true
              },
              "on_all": {
                "type": "bool",
                "description": "When this is set to true and a schema_name is provided, apply this grant on all procedures in the given schema. When this is true and no schema_name is provided apply this grant on all procedures in the given database. The procedure_name and shares fields must be unset in order to use on_all. Cannot be used together with on_future.",
                "description_kind": "plain",
                "optional": true
              },
              "on_future": {
                "type": "bool",
                "description": "When this is set to true and a schema_name is provided, apply this grant on all future procedures in the given schema. When this is true and no schema_name is provided apply this grant on all future procedures in the given database. The procedure_name and shares fields must be unset in order to use on_future. Cannot be used together with on_all.",
                "description_kind": "plain",
                "optional": true
              },
              "privilege": {
                "type": "string",
                "description": "The privilege to grant on the current or future procedure. To grant all privileges, use the value `ALL PRIVILEGES`",
                "description_kind": "plain",
                "optional": true
              },
              "procedure_name": {
                "type": "string",
                "description": "The name of the procedure on which to grant privileges immediately (only valid if on_future is false).",
                "description_kind": "plain",
                "optional": true
              },
              "revert_ownership_to_role_name": {
                "type": "string",
                "description": "The name of the role to revert ownership to on destroy. Has no effect unless `privilege` is set to `OWNERSHIP`",
                "description_kind": "plain",
                "optional": true
              },
              "roles": {
                "type": [
                  "set",
                  "string"
                ],
                "description": "Grants privilege to these roles.",
                "description_kind": "plain",
                "required": true
              },
              "schema_name": {
                "type": "string",
                "description": "The name of the schema containing the current or future procedures on which to grant privileges.",
                "description_kind": "plain",
                "optional": true
              },
              "shares": {
                "type": [
                  "set",
                  "string"
                ],
                "description": "Grants privilege to these shares (only valid if on_future is false).",
                "description_kind": "plain",
                "optional": true
              },
              "with_grant_option": {
                "type": "bool",
                "description": "When this is set to true, allows the recipient role to grant the privileges to other roles.",
                "description_kind": "plain",
                "optional": true
              }
            },
            "description_kind": "plain",
            "deprecated": true
          }
        },
        "snowflake_resource_monitor": {
          "version": 0,
          "block": {
            "attributes": {
              "credit_quota": {
                "type": "number",
                "description": "The number of credits allocated monthly to the resource monitor.",
                "description_kind": "plain",
                "optional": true,
                "computed": true
              },
              "end_timestamp": {
                "type": "string",
                "description": "The date and time when the resource monitor suspends the assigned warehouses.",
                "description_kind": "plain",
                "optional": true
              },
              "frequency": {
                "type": "string",
                "description": "The frequency interval at which the credit usage resets to 0. If you set a frequency for a resource monitor, you must also set START_TIMESTAMP.",
                "description_kind": "plain",
                "optional": true,
                "computed": true
              },
              "id": {
                "type": "string",
                "description_kind": "plain",
                "optional": true,
                "computed": true
              },
              "name": {
                "type": "string",
                "description": "Identifier for the resource monitor; must be unique for your account.",
                "description_kind": "plain",
                "required": true
              },
              "notify_triggers": {
                "type": [
                  "set",
                  "number"
                ],
                "description": "A list of percentage thresholds at which to send an alert to subscribed users.",
                "description_kind": "plain",
                "optional": true
              },
              "notify_users": {
                "type": [
                  "set",
                  "string"
                ],
                "description": "Specifies the list of users to receive email notifications on resource monitors.",
                "description_kind": "plain",
                "optional": true
              },
              "set_for_account": {
                "type": "bool",
                "description": "Specifies whether the resource monitor should be applied globally to your Snowflake account (defaults to false).",
                "description_kind": "plain",
                "optional": true
              },
              "start_timestamp": {
                "type": "string",
                "description": "The date and time when the resource monitor starts monitoring credit usage for the assigned warehouses.",
                "description_kind": "plain",
                "optional": true,
                "computed": true
              },
              "suspend_immediate_trigger": {
                "type": "number",
                "description": "The number that represents the percentage threshold at which to immediately suspend all warehouses.",
                "description_kind": "plain",
                "optional": true
              },
              "suspend_immediate_triggers": {
                "type": [
                  "set",
                  "number"
                ],
                "description": "A list of percentage thresholds at which to suspend all warehouses.",
                "description_kind": "plain",
                "deprecated": true,
                "optional": true
              },
              "suspend_trigger": {
                "type": "number",
                "description": "The number that represents the percentage threshold at which to suspend all warehouses.",
                "description_kind": "plain",
                "optional": true
              },
              "suspend_triggers": {
                "type": [
                  "set",
                  "number"
                ],
                "description": "A list of percentage thresholds at which to suspend all warehouses.",
                "description_kind": "plain",
                "deprecated": true,
                "optional": true
              },
              "warehouses": {
                "type": [
                  "set",
                  "string"
                ],
                "description": "A list of warehouses to apply the resource monitor to.",
                "description_kind": "plain",
                "optional": true
              }
            },
            "description_kind": "plain"
          }
        },
        "snowflake_resource_monitor_grant": {
          "version": 0,
          "block": {
            "attributes": {
              "enable_multiple_grants": {
                "type": "bool",
                "description": "When this is set to true, multiple grants of the same type can be created. This will cause Terraform to not revoke grants applied to roles and objects outside Terraform.",
                "description_kind": "plain",
                "optional": true
              },
              "id": {
                "type": "string",
                "description_kind": "plain",
                "optional": true,
                "computed": true
              },
              "monitor_name": {
                "type": "string",
                "description": "Identifier for the resource monitor; must be unique for your account.",
                "description_kind": "plain",
                "required": true
              },
              "privilege": {
                "type": "string",
                "description": "The privilege to grant on the resource monitor. To grant all privileges, use the value `ALL PRIVILEGES`",
                "description_kind": "plain",
                "optional": true
              },
              "roles": {
                "type": [
                  "set",
                  "string"
                ],
                "description": "Grants privilege to these roles.",
                "description_kind": "plain",
                "optional": true
              },
              "with_grant_option": {
                "type": "bool",
                "description": "When this is set to true, allows the recipient role to grant the privileges to other roles.",
                "description_kind": "plain",
                "optional": true
              }
            },
            "description_kind": "plain",
            "deprecated": true
          }
        },
        "snowflake_role": {
          "version": 0,
          "block": {
            "attributes": {
              "comment": {
                "type": "string",
                "description_kind": "plain",
                "optional": true
              },
              "id": {
                "type": "string",
                "description_kind": "plain",
                "optional": true,
                "computed": true
              },
              "name": {
                "type": "string",
                "description_kind": "plain",
                "required": true
              }
            },
            "block_types": {
              "tag": {
                "nesting_mode": "list",
                "block": {
                  "attributes": {
                    "database": {
                      "type": "string",
                      "description": "Name of the database that the tag was created in.",
                      "description_kind": "plain",
                      "optional": true
                    },
                    "name": {
                      "type": "string",
                      "description": "Tag name, e.g. department.",
                      "description_kind": "plain",
                      "required": true
                    },
                    "schema": {
                      "type": "string",
                      "description": "Name of the schema that the tag was created in.",
                      "description_kind": "plain",
                      "optional": true
                    },
                    "value": {
                      "type": "string",
                      "description": "Tag value, e.g. marketing_info.",
                      "description_kind": "plain",
                      "required": true
                    }
                  },
                  "description": "Definitions of a tag to associate with the resource.",
                  "description_kind": "plain",
                  "deprecated": true
                }
              }
            },
            "description_kind": "plain"
          }
        },
        "snowflake_role_grants": {
          "version": 0,
          "block": {
            "attributes": {
              "enable_multiple_grants": {
                "type": "bool",
                "description": "When this is set to true, multiple grants of the same type can be created. This will cause Terraform to not revoke grants applied to roles and objects outside Terraform.",
                "description_kind": "plain",
                "optional": true
              },
              "id": {
                "type": "string",
                "description_kind": "plain",
                "optional": true,
                "computed": true
              },
              "role_name": {
                "type": "string",
                "description": "The name of the role we are granting.",
                "description_kind": "plain",
                "required": true
              },
              "roles": {
                "type": [
                  "set",
                  "string"
                ],
                "description": "Grants role to this specified role.",
                "description_kind": "plain",
                "optional": true
              },
              "users": {
                "type": [
                  "set",
                  "string"
                ],
                "description": "Grants role to this specified user.",
                "description_kind": "plain",
                "optional": true
              }
            },
            "description_kind": "plain"
          }
        },
        "snowflake_role_ownership_grant": {
          "version": 0,
          "block": {
            "attributes": {
              "current_grants": {
                "type": "string",
                "description": "Specifies whether to remove or transfer all existing outbound privileges on the object when ownership is transferred to a new role.",
                "description_kind": "plain",
                "optional": true
              },
              "id": {
                "type": "string",
                "description_kind": "plain",
                "optional": true,
                "computed": true
              },
              "on_role_name": {
                "type": "string",
                "description": "The name of the role ownership is granted on.",
                "description_kind": "plain",
                "required": true
              },
              "revert_ownership_to_role_name": {
                "type": "string",
                "description": "The name of the role to revert ownership to on destroy.",
                "description_kind": "plain",
                "optional": true
              },
              "to_role_name": {
                "type": "string",
                "description": "The name of the role to grant ownership. Please ensure that the role that terraform is using is granted access.",
                "description_kind": "plain",
                "required": true
              }
            },
            "description_kind": "plain"
          }
        },
        "snowflake_row_access_policy": {
          "version": 0,
          "block": {
            "attributes": {
              "comment": {
                "type": "string",
                "description": "Specifies a comment for the row access policy.",
                "description_kind": "plain",
                "optional": true
              },
              "database": {
                "type": "string",
                "description": "The database in which to create the row access policy.",
                "description_kind": "plain",
                "required": true
              },
              "id": {
                "type": "string",
                "description_kind": "plain",
                "optional": true,
                "computed": true
              },
              "name": {
                "type": "string",
                "description": "Specifies the identifier for the row access policy; must be unique for the database and schema in which the row access policy is created.",
                "description_kind": "plain",
                "required": true
              },
              "row_access_expression": {
                "type": "string",
                "description": "Specifies the SQL expression. The expression can be any boolean-valued SQL expression.",
                "description_kind": "plain",
                "required": true
              },
              "schema": {
                "type": "string",
                "description": "The schema in which to create the row access policy.",
                "description_kind": "plain",
                "required": true
              },
              "signature": {
                "type": [
                  "map",
                  "string"
                ],
                "description": "Specifies signature (arguments) for the row access policy (uppercase and sorted to avoid recreation of resource). A signature specifies a set of attributes that must be considered to determine whether the row is accessible. The attribute values come from the database object (e.g. table or view) to be protected by the row access policy.",
                "description_kind": "plain",
                "required": true
              }
            },
            "description_kind": "plain"
          }
        },
        "snowflake_row_access_policy_grant": {
          "version": 0,
          "block": {
            "attributes": {
              "database_name": {
                "type": "string",
                "description": "The name of the database containing the row access policy on which to grant privileges.",
                "description_kind": "plain",
                "required": true
              },
              "enable_multiple_grants": {
                "type": "bool",
                "description": "When this is set to true, multiple grants of the same type can be created. This will cause Terraform to not revoke grants applied to roles and objects outside Terraform.",
                "description_kind": "plain",
                "optional": true
              },
              "id": {
                "type": "string",
                "description_kind": "plain",
                "optional": true,
                "computed": true
              },
              "privilege": {
                "type": "string",
                "description": "The privilege to grant on the row access policy. To grant all privileges, use the value `ALL PRIVILEGES`",
                "description_kind": "plain",
                "optional": true
              },
              "revert_ownership_to_role_name": {
                "type": "string",
                "description": "The name of the role to revert ownership to on destroy. Has no effect unless `privilege` is set to `OWNERSHIP`",
                "description_kind": "plain",
                "optional": true
              },
              "roles": {
                "type": [
                  "set",
                  "string"
                ],
                "description": "Grants privilege to these roles.",
                "description_kind": "plain",
                "optional": true
              },
              "row_access_policy_name": {
                "type": "string",
                "description": "The name of the row access policy on which to grant privileges immediately.",
                "description_kind": "plain",
                "required": true
              },
              "schema_name": {
                "type": "string",
                "description": "The name of the schema containing the row access policy on which to grant privileges.",
                "description_kind": "plain",
                "required": true
              },
              "with_grant_option": {
                "type": "bool",
                "description": "When this is set to true, allows the recipient role to grant the privileges to other roles.",
                "description_kind": "plain",
                "optional": true
              }
            },
            "description_kind": "plain",
            "deprecated": true
          }
        },
        "snowflake_saml_integration": {
          "version": 0,
          "block": {
            "attributes": {
              "created_on": {
                "type": "string",
                "description": "Date and time when the SAML integration was created.",
                "description_kind": "plain",
                "computed": true
              },
              "enabled": {
                "type": "bool",
                "description": "Specifies whether this security integration is enabled or disabled.",
                "description_kind": "plain",
                "optional": true
              },
              "id": {
                "type": "string",
                "description_kind": "plain",
                "optional": true,
                "computed": true
              },
              "name": {
                "type": "string",
                "description": "Specifies the name of the SAML2 integration. This name follows the rules for Object Identifiers. The name should be unique among security integrations in your account.",
                "description_kind": "plain",
                "required": true
              },
              "saml2_digest_methods_used": {
                "type": "string",
                "description_kind": "plain",
                "computed": true
              },
              "saml2_enable_sp_initiated": {
                "type": "bool",
                "description": "The Boolean indicating if the Log In With button will be shown on the login page. TRUE: displays the Log in WIth button on the login page.  FALSE: does not display the Log in With button on the login page.",
                "description_kind": "plain",
                "optional": true
              },
              "saml2_force_authn": {
                "type": "bool",
                "description": "The Boolean indicating whether users, during the initial authentication flow, are forced to authenticate again to access Snowflake. When set to TRUE, Snowflake sets the ForceAuthn SAML parameter to TRUE in the outgoing request from Snowflake to the identity provider. TRUE: forces users to authenticate again to access Snowflake, even if a valid session with the identity provider exists. FALSE: does not force users to authenticate again to access Snowflake.",
                "description_kind": "plain",
                "optional": true
              },
              "saml2_issuer": {
                "type": "string",
                "description": "The string containing the IdP EntityID / Issuer.",
                "description_kind": "plain",
                "required": true
              },
              "saml2_post_logout_redirect_url": {
                "type": "string",
                "description": "The endpoint to which Snowflake redirects users after clicking the Log Out button in the classic Snowflake web interface. Snowflake terminates the Snowflake session upon redirecting to the specified endpoint.",
                "description_kind": "plain",
                "optional": true
              },
              "saml2_provider": {
                "type": "string",
                "description": "The string describing the IdP. One of the following: OKTA, ADFS, Custom.",
                "description_kind": "plain",
                "required": true
              },
              "saml2_requested_nameid_format": {
                "type": "string",
                "description": "The SAML NameID format allows Snowflake to set an expectation of the identifying attribute of the user (i.e. SAML Subject) in the SAML assertion from the IdP to ensure a valid authentication to Snowflake. If a value is not specified, Snowflake sends the urn:oasis:names:tc:SAML:1.1:nameid-format:emailAddress value in the authentication request to the IdP. NameID must be one of the following values: urn:oasis:names:tc:SAML:1.1:nameid-format:unspecified, urn:oasis:names:tc:SAML:1.1:nameid-format:emailAddress, urn:oasis:names:tc:SAML:1.1:nameid-format:X509SubjectName, urn:oasis:names:tc:SAML:1.1:nameid-format:WindowsDomainQualifiedName, urn:oasis:names:tc:SAML:2.0:nameid-format:kerberos, urn:oasis:names:tc:SAML:2.0:nameid-format:persistent, urn:oasis:names:tc:SAML:2.0:nameid-format:transient .",
                "description_kind": "plain",
                "optional": true
              },
              "saml2_sign_request": {
                "type": "bool",
                "description": "The Boolean indicating whether SAML requests are signed. TRUE: allows SAML requests to be signed. FALSE: does not allow SAML requests to be signed.",
                "description_kind": "plain",
                "optional": true
              },
              "saml2_signature_methods_used": {
                "type": "string",
                "description_kind": "plain",
                "computed": true
              },
              "saml2_snowflake_acs_url": {
                "type": "string",
                "description": "The string containing the Snowflake Assertion Consumer Service URL to which the IdP will send its SAML authentication response back to Snowflake. This property will be set in the SAML authentication request generated by Snowflake when initiating a SAML SSO operation with the IdP. If an incorrect value is specified, Snowflake returns an error message indicating the acceptable values to use. Default: https://<account_locator>.<region>.snowflakecomputing.com/fed/login",
                "description_kind": "plain",
                "optional": true,
                "computed": true
              },
              "saml2_snowflake_issuer_url": {
                "type": "string",
                "description": "The string containing the EntityID / Issuer for the Snowflake service provider. If an incorrect value is specified, Snowflake returns an error message indicating the acceptable values to use.",
                "description_kind": "plain",
                "optional": true,
                "computed": true
              },
              "saml2_snowflake_metadata": {
                "type": "string",
                "description": "Metadata created by Snowflake to provide to SAML2 provider.",
                "description_kind": "plain",
                "computed": true
              },
              "saml2_snowflake_x509_cert": {
                "type": "string",
                "description": "The Base64 encoded self-signed certificate generated by Snowflake for use with Encrypting SAML Assertions and Signed SAML Requests. You must have at least one of these features (encrypted SAML assertions or signed SAML responses) enabled in your Snowflake account to access the certificate value.",
                "description_kind": "plain",
                "optional": true,
                "computed": true
              },
              "saml2_sp_initiated_login_page_label": {
                "type": "string",
                "description": "The string containing the label to display after the Log In With button on the login page.",
                "description_kind": "plain",
                "optional": true
              },
              "saml2_sso_url": {
                "type": "string",
                "description": "The string containing the IdP SSO URL, where the user should be redirected by Snowflake (the Service Provider) with a SAML AuthnRequest message.",
                "description_kind": "plain",
                "required": true
              },
              "saml2_x509_cert": {
                "type": "string",
                "description": "The Base64 encoded IdP signing certificate on a single line without the leading -----BEGIN CERTIFICATE----- and ending -----END CERTIFICATE----- markers.",
                "description_kind": "plain",
                "required": true
              }
            },
            "description_kind": "plain"
          }
        },
        "snowflake_schema": {
          "version": 0,
          "block": {
            "attributes": {
              "comment": {
                "type": "string",
                "description": "Specifies a comment for the schema.",
                "description_kind": "plain",
                "optional": true
              },
              "data_retention_days": {
                "type": "number",
                "description": "Specifies the number of days for which Time Travel actions (CLONE and UNDROP) can be performed on the schema, as well as specifying the default Time Travel retention time for all tables created in the schema.",
                "description_kind": "plain",
                "optional": true
              },
              "database": {
                "type": "string",
                "description": "The database in which to create the schema.",
                "description_kind": "plain",
                "required": true
              },
              "id": {
                "type": "string",
                "description_kind": "plain",
                "optional": true,
                "computed": true
              },
              "is_managed": {
                "type": "bool",
                "description": "Specifies a managed schema. Managed access schemas centralize privilege management with the schema owner.",
                "description_kind": "plain",
                "optional": true
              },
              "is_transient": {
                "type": "bool",
                "description": "Specifies a schema as transient. Transient schemas do not have a Fail-safe period so they do not incur additional storage costs once they leave Time Travel; however, this means they are also not protected by Fail-safe in the event of a data loss.",
                "description_kind": "plain",
                "optional": true
              },
              "name": {
                "type": "string",
                "description": "Specifies the identifier for the schema; must be unique for the database in which the schema is created.",
                "description_kind": "plain",
                "required": true
              }
            },
            "block_types": {
              "tag": {
                "nesting_mode": "list",
                "block": {
                  "attributes": {
                    "database": {
                      "type": "string",
                      "description": "Name of the database that the tag was created in.",
                      "description_kind": "plain",
                      "optional": true
                    },
                    "name": {
                      "type": "string",
                      "description": "Tag name, e.g. department.",
                      "description_kind": "plain",
                      "required": true
                    },
                    "schema": {
                      "type": "string",
                      "description": "Name of the schema that the tag was created in.",
                      "description_kind": "plain",
                      "optional": true
                    },
                    "value": {
                      "type": "string",
                      "description": "Tag value, e.g. marketing_info.",
                      "description_kind": "plain",
                      "required": true
                    }
                  },
                  "description": "Definitions of a tag to associate with the resource.",
                  "description_kind": "plain",
                  "deprecated": true
                }
              }
            },
            "description_kind": "plain"
          }
        },
        "snowflake_schema_grant": {
          "version": 0,
          "block": {
            "attributes": {
              "database_name": {
                "type": "string",
                "description": "The name of the database containing the schema on which to grant privileges.",
                "description_kind": "plain",
                "required": true
              },
              "enable_multiple_grants": {
                "type": "bool",
                "description": "When this is set to true, multiple grants of the same type can be created. This will cause Terraform to not revoke grants applied to roles and objects outside Terraform.",
                "description_kind": "plain",
                "optional": true
              },
              "id": {
                "type": "string",
                "description_kind": "plain",
                "optional": true,
                "computed": true
              },
              "on_all": {
                "type": "bool",
                "description": "When this is set to true, apply this grant on all schemas in the given database. The schema_name and shares fields must be unset in order to use on_all. Cannot be used together with on_future.",
                "description_kind": "plain",
                "optional": true
              },
              "on_future": {
                "type": "bool",
                "description": "When this is set to true, apply this grant on all future schemas in the given database. The schema_name and shares fields must be unset in order to use on_future. Cannot be used together with on_all.",
                "description_kind": "plain",
                "optional": true
              },
              "privilege": {
                "type": "string",
                "description": "The privilege to grant on the current or future schema. Note that if \"OWNERSHIP\" is specified, ensure that the role that terraform is using is granted access. To grant all privileges, use the value `ALL PRIVILEGES`",
                "description_kind": "plain",
                "optional": true
              },
              "revert_ownership_to_role_name": {
                "type": "string",
                "description": "The name of the role to revert ownership to on destroy. Has no effect unless `privilege` is set to `OWNERSHIP`",
                "description_kind": "plain",
                "optional": true
              },
              "roles": {
                "type": [
                  "set",
                  "string"
                ],
                "description": "Grants privilege to these roles.",
                "description_kind": "plain",
                "optional": true
              },
              "schema_name": {
                "type": "string",
                "description": "The name of the schema on which to grant privileges.",
                "description_kind": "plain",
                "optional": true
              },
              "shares": {
                "type": [
                  "set",
                  "string"
                ],
                "description": "Grants privilege to these shares (only valid if on_future and on_all are unset).",
                "description_kind": "plain",
                "optional": true
              },
              "with_grant_option": {
                "type": "bool",
                "description": "When this is set to true, allows the recipient role to grant the privileges to other roles.",
                "description_kind": "plain",
                "optional": true
              }
            },
            "description_kind": "plain",
            "deprecated": true
          }
        },
        "snowflake_scim_integration": {
          "version": 0,
          "block": {
            "attributes": {
              "created_on": {
                "type": "string",
                "description": "Date and time when the SCIM integration was created.",
                "description_kind": "plain",
                "computed": true
              },
              "id": {
                "type": "string",
                "description_kind": "plain",
                "optional": true,
                "computed": true
              },
              "name": {
                "type": "string",
                "description": "Specifies the name of the SCIM integration. This name follows the rules for Object Identifiers. The name should be unique among security integrations in your account.",
                "description_kind": "plain",
                "required": true
              },
              "network_policy": {
                "type": "string",
                "description": "Specifies an existing network policy active for your account. The network policy restricts the list of user IP addresses when exchanging an authorization code for an access or refresh token and when using a refresh token to obtain a new access token. If this parameter is not set, the network policy for the account (if any) is used instead.",
                "description_kind": "plain",
                "optional": true
              },
              "provisioner_role": {
                "type": "string",
                "description": "Specify the SCIM role in Snowflake that owns any users and roles that are imported from the identity provider into Snowflake using SCIM.",
                "description_kind": "plain",
                "required": true
              },
              "scim_client": {
                "type": "string",
                "description": "Specifies the client type for the scim integration",
                "description_kind": "plain",
                "required": true
              }
            },
            "description_kind": "plain"
          }
        },
        "snowflake_sequence": {
          "version": 0,
          "block": {
            "attributes": {
              "comment": {
                "type": "string",
                "description": "Specifies a comment for the sequence.",
                "description_kind": "plain",
                "optional": true
              },
              "database": {
                "type": "string",
                "description": "The database in which to create the sequence. Don't use the | character.",
                "description_kind": "plain",
                "required": true
              },
              "fully_qualified_name": {
                "type": "string",
                "description": "The fully qualified name of the sequence.",
                "description_kind": "plain",
                "computed": true
              },
              "id": {
                "type": "string",
                "description_kind": "plain",
                "optional": true,
                "computed": true
              },
              "increment": {
                "type": "number",
                "description": "The amount the sequence will increase by each time it is used",
                "description_kind": "plain",
                "optional": true
              },
              "name": {
                "type": "string",
                "description": "Specifies the name for the sequence.",
                "description_kind": "plain",
                "required": true
              },
              "next_value": {
                "type": "number",
                "description": "The next value the sequence will provide.",
                "description_kind": "plain",
                "computed": true
              },
              "schema": {
                "type": "string",
                "description": "The schema in which to create the sequence. Don't use the | character.",
                "description_kind": "plain",
                "required": true
              }
            },
            "description_kind": "plain"
          }
        },
        "snowflake_sequence_grant": {
          "version": 0,
          "block": {
            "attributes": {
              "database_name": {
                "type": "string",
                "description": "The name of the database containing the current or future sequences on which to grant privileges.",
                "description_kind": "plain",
                "required": true
              },
              "enable_multiple_grants": {
                "type": "bool",
                "description": "When this is set to true, multiple grants of the same type can be created. This will cause Terraform to not revoke grants applied to roles and objects outside Terraform.",
                "description_kind": "plain",
                "optional": true
              },
              "id": {
                "type": "string",
                "description_kind": "plain",
                "optional": true,
                "computed": true
              },
              "on_all": {
                "type": "bool",
                "description": "When this is set to true and a schema_name is provided, apply this grant on all sequences in the given schema. When this is true and no schema_name is provided apply this grant on all sequences in the given database. The sequence_name field must be unset in order to use on_all. Cannot be used together with on_future.",
                "description_kind": "plain",
                "optional": true
              },
              "on_future": {
                "type": "bool",
                "description": "When this is set to true and a schema_name is provided, apply this grant on all future sequences in the given schema. When this is true and no schema_name is provided apply this grant on all future sequences in the given database. The sequence_name field must be unset in order to use on_future. Cannot be used together with on_all.",
                "description_kind": "plain",
                "optional": true
              },
              "privilege": {
                "type": "string",
                "description": "The privilege to grant on the current or future sequence. To grant all privileges, use the value `ALL PRIVILEGES`",
                "description_kind": "plain",
                "optional": true
              },
              "revert_ownership_to_role_name": {
                "type": "string",
                "description": "The name of the role to revert ownership to on destroy. Has no effect unless `privilege` is set to `OWNERSHIP`",
                "description_kind": "plain",
                "optional": true
              },
              "roles": {
                "type": [
                  "set",
                  "string"
                ],
                "description": "Grants privilege to these roles.",
                "description_kind": "plain",
                "required": true
              },
              "schema_name": {
                "type": "string",
                "description": "The name of the schema containing the current or future sequences on which to grant privileges.",
                "description_kind": "plain",
                "optional": true
              },
              "sequence_name": {
                "type": "string",
                "description": "The name of the sequence on which to grant privileges immediately (only valid if on_future is false).",
                "description_kind": "plain",
                "optional": true
              },
              "with_grant_option": {
                "type": "bool",
                "description": "When this is set to true, allows the recipient role to grant the privileges to other roles.",
                "description_kind": "plain",
                "optional": true
              }
            },
            "description_kind": "plain",
            "deprecated": true
          }
        },
        "snowflake_session_parameter": {
          "version": 0,
          "block": {
            "attributes": {
              "id": {
                "type": "string",
                "description_kind": "plain",
                "optional": true,
                "computed": true
              },
              "key": {
                "type": "string",
                "description": "Name of session parameter. Valid values are those in [session parameters](https://docs.snowflake.com/en/sql-reference/parameters.html#session-parameters).",
                "description_kind": "plain",
                "required": true
              },
              "on_account": {
                "type": "bool",
                "description": "If true, the session parameter will be set on the account level.",
                "description_kind": "plain",
                "optional": true
              },
              "user": {
                "type": "string",
                "description": "The user to set the session parameter for. Required if on_account is false",
                "description_kind": "plain",
                "optional": true
              },
              "value": {
                "type": "string",
                "description": "Value of session parameter, as a string. Constraints are the same as those for the parameters in Snowflake documentation.",
                "description_kind": "plain",
                "required": true
              }
            },
            "description_kind": "plain"
          }
        },
        "snowflake_share": {
          "version": 0,
          "block": {
            "attributes": {
              "accounts": {
                "type": [
                  "list",
                  "string"
                ],
                "description": "A list of accounts to be added to the share. Values should not be the account locator, but in the form of 'organization_name.account_name",
                "description_kind": "plain",
                "optional": true
              },
              "comment": {
                "type": "string",
                "description": "Specifies a comment for the managed account.",
                "description_kind": "plain",
                "optional": true
              },
              "id": {
                "type": "string",
                "description_kind": "plain",
                "optional": true,
                "computed": true
              },
              "name": {
                "type": "string",
                "description": "Specifies the identifier for the share; must be unique for the account in which the share is created.",
                "description_kind": "plain",
                "required": true
              }
            },
            "description_kind": "plain"
          }
        },
        "snowflake_stage": {
          "version": 0,
          "block": {
            "attributes": {
              "aws_external_id": {
                "type": "string",
                "description_kind": "plain",
                "optional": true,
                "computed": true
              },
              "comment": {
                "type": "string",
                "description": "Specifies a comment for the stage.",
                "description_kind": "plain",
                "optional": true
              },
              "copy_options": {
                "type": "string",
                "description": "Specifies the copy options for the stage.",
                "description_kind": "plain",
                "optional": true
              },
              "credentials": {
                "type": "string",
                "description": "Specifies the credentials for the stage.",
                "description_kind": "plain",
                "optional": true,
                "sensitive": true
              },
              "database": {
                "type": "string",
                "description": "The database in which to create the stage.",
                "description_kind": "plain",
                "required": true
              },
              "directory": {
                "type": "string",
                "description": "Specifies the directory settings for the stage.",
                "description_kind": "plain",
                "optional": true
              },
              "encryption": {
                "type": "string",
                "description": "Specifies the encryption settings for the stage.",
                "description_kind": "plain",
                "optional": true
              },
              "file_format": {
                "type": "string",
                "description": "Specifies the file format for the stage.",
                "description_kind": "plain",
                "optional": true
              },
              "id": {
                "type": "string",
                "description_kind": "plain",
                "optional": true,
                "computed": true
              },
              "name": {
                "type": "string",
                "description": "Specifies the identifier for the stage; must be unique for the database and schema in which the stage is created.",
                "description_kind": "plain",
                "required": true
              },
              "schema": {
                "type": "string",
                "description": "The schema in which to create the stage.",
                "description_kind": "plain",
                "required": true
              },
              "snowflake_iam_user": {
                "type": "string",
                "description_kind": "plain",
                "optional": true,
                "computed": true
              },
              "storage_integration": {
                "type": "string",
                "description": "Specifies the name of the storage integration used to delegate authentication responsibility for external cloud storage to a Snowflake identity and access management (IAM) entity.",
                "description_kind": "plain",
                "optional": true
              },
              "url": {
                "type": "string",
                "description": "Specifies the URL for the stage.",
                "description_kind": "plain",
                "optional": true
              }
            },
            "block_types": {
              "tag": {
                "nesting_mode": "list",
                "block": {
                  "attributes": {
                    "database": {
                      "type": "string",
                      "description": "Name of the database that the tag was created in.",
                      "description_kind": "plain",
                      "optional": true
                    },
                    "name": {
                      "type": "string",
                      "description": "Tag name, e.g. department.",
                      "description_kind": "plain",
                      "required": true
                    },
                    "schema": {
                      "type": "string",
                      "description": "Name of the schema that the tag was created in.",
                      "description_kind": "plain",
                      "optional": true
                    },
                    "value": {
                      "type": "string",
                      "description": "Tag value, e.g. marketing_info.",
                      "description_kind": "plain",
                      "required": true
                    }
                  },
                  "description": "Definitions of a tag to associate with the resource.",
                  "description_kind": "plain",
                  "deprecated": true
                }
              }
            },
            "description_kind": "plain"
          }
        },
        "snowflake_stage_grant": {
          "version": 0,
          "block": {
            "attributes": {
              "database_name": {
                "type": "string",
                "description": "The name of the database containing the current stage on which to grant privileges.",
                "description_kind": "plain",
                "required": true
              },
              "enable_multiple_grants": {
                "type": "bool",
                "description": "When this is set to true, multiple grants of the same type can be created. This will cause Terraform to not revoke grants applied to roles and objects outside Terraform.",
                "description_kind": "plain",
                "optional": true
              },
              "id": {
                "type": "string",
                "description_kind": "plain",
                "optional": true,
                "computed": true
              },
              "on_all": {
                "type": "bool",
                "description": "When this is set to true and a schema_name is provided, apply this grant on all stages in the given schema. When this is true and no schema_name is provided apply this grant on all stages in the given database. The stage_name field must be unset in order to use on_all. Cannot be used together with on_future.",
                "description_kind": "plain",
                "optional": true
              },
              "on_future": {
                "type": "bool",
                "description": "When this is set to true and a schema_name is provided, apply this grant on all future stages in the given schema. When this is true and no schema_name is provided apply this grant on all future stages in the given database. The stage_name field must be unset in order to use on_future. Cannot be used together with on_all.",
                "description_kind": "plain",
                "optional": true
              },
              "privilege": {
                "type": "string",
                "description": "The privilege to grant on the stage. To grant all privileges, use the value `ALL PRIVILEGES`.",
                "description_kind": "plain",
                "optional": true
              },
              "revert_ownership_to_role_name": {
                "type": "string",
                "description": "The name of the role to revert ownership to on destroy. Has no effect unless `privilege` is set to `OWNERSHIP`",
                "description_kind": "plain",
                "optional": true
              },
              "roles": {
                "type": [
                  "set",
                  "string"
                ],
                "description": "Grants privilege to these roles.",
                "description_kind": "plain",
                "required": true
              },
              "schema_name": {
                "type": "string",
                "description": "The name of the schema containing the current stage on which to grant privileges.",
                "description_kind": "plain",
                "optional": true
              },
              "stage_name": {
                "type": "string",
                "description": "The name of the stage on which to grant privilege (only valid if on_future and on_all are false).",
                "description_kind": "plain",
                "optional": true
              },
              "with_grant_option": {
                "type": "bool",
                "description": "When this is set to true, allows the recipient role to grant the privileges to other roles.",
                "description_kind": "plain",
                "optional": true
              }
            },
            "description_kind": "plain",
            "deprecated": true
          }
        },
        "snowflake_storage_integration": {
          "version": 0,
          "block": {
            "attributes": {
              "azure_consent_url": {
                "type": "string",
                "description": "The consent URL that is used to create an Azure Snowflake service principle inside your tenant.",
                "description_kind": "plain",
                "computed": true
              },
              "azure_multi_tenant_app_name": {
                "type": "string",
                "description": "This is the name of the Snowflake client application created for your account.",
                "description_kind": "plain",
                "computed": true
              },
              "azure_tenant_id": {
                "type": "string",
                "description_kind": "plain",
                "optional": true
              },
              "comment": {
                "type": "string",
                "description_kind": "plain",
                "optional": true
              },
              "created_on": {
                "type": "string",
                "description": "Date and time when the storage integration was created.",
                "description_kind": "plain",
                "computed": true
              },
              "enabled": {
                "type": "bool",
                "description_kind": "plain",
                "optional": true
              },
              "id": {
                "type": "string",
                "description_kind": "plain",
                "optional": true,
                "computed": true
              },
              "name": {
                "type": "string",
                "description_kind": "plain",
                "required": true
              },
              "storage_allowed_locations": {
                "type": [
                  "list",
                  "string"
                ],
                "description": "Explicitly limits external stages that use the integration to reference one or more storage locations.",
                "description_kind": "plain",
                "required": true
              },
              "storage_aws_external_id": {
                "type": "string",
                "description": "The external ID that Snowflake will use when assuming the AWS role.",
                "description_kind": "plain",
                "computed": true
              },
              "storage_aws_iam_user_arn": {
                "type": "string",
                "description": "The Snowflake user that will attempt to assume the AWS role.",
                "description_kind": "plain",
                "computed": true
              },
              "storage_aws_object_acl": {
                "type": "string",
                "description": "\"bucket-owner-full-control\" Enables support for AWS access control lists (ACLs) to grant the bucket owner full control.",
                "description_kind": "plain",
                "optional": true
              },
              "storage_aws_role_arn": {
                "type": "string",
                "description_kind": "plain",
                "optional": true
              },
              "storage_blocked_locations": {
                "type": [
                  "list",
                  "string"
                ],
                "description": "Explicitly prohibits external stages that use the integration from referencing one or more storage locations.",
                "description_kind": "plain",
                "optional": true
              },
              "storage_gcp_service_account": {
                "type": "string",
                "description": "This is the name of the Snowflake Google Service Account created for your account.",
                "description_kind": "plain",
                "computed": true
              },
              "storage_provider": {
                "type": "string",
                "description_kind": "plain",
                "required": true
              },
              "type": {
                "type": "string",
                "description_kind": "plain",
                "optional": true
              }
            },
            "description_kind": "plain"
          }
        },
        "snowflake_stream": {
          "version": 0,
          "block": {
            "attributes": {
              "append_only": {
                "type": "bool",
                "description": "Type of the stream that will be created.",
                "description_kind": "plain",
                "optional": true
              },
              "comment": {
                "type": "string",
                "description": "Specifies a comment for the stream.",
                "description_kind": "plain",
                "optional": true
              },
              "database": {
                "type": "string",
                "description": "The database in which to create the stream.",
                "description_kind": "plain",
                "required": true
              },
              "id": {
                "type": "string",
                "description_kind": "plain",
                "optional": true,
                "computed": true
              },
              "insert_only": {
                "type": "bool",
                "description": "Create an insert only stream type.",
                "description_kind": "plain",
                "optional": true
              },
              "name": {
                "type": "string",
                "description": "Specifies the identifier for the stream; must be unique for the database and schema in which the stream is created.",
                "description_kind": "plain",
                "required": true
              },
              "on_stage": {
                "type": "string",
                "description": "Specifies an identifier for the stage the stream will monitor.",
                "description_kind": "plain",
                "optional": true
              },
              "on_table": {
                "type": "string",
                "description": "Specifies an identifier for the table the stream will monitor.",
                "description_kind": "plain",
                "optional": true
              },
              "on_view": {
                "type": "string",
                "description": "Specifies an identifier for the view the stream will monitor.",
                "description_kind": "plain",
                "optional": true
              },
              "owner": {
                "type": "string",
                "description": "Name of the role that owns the stream.",
                "description_kind": "plain",
                "computed": true
              },
              "schema": {
                "type": "string",
                "description": "The schema in which to create the stream.",
                "description_kind": "plain",
                "required": true
              },
              "show_initial_rows": {
                "type": "bool",
                "description": "Specifies whether to return all existing rows in the source table as row inserts the first time the stream is consumed.",
                "description_kind": "plain",
                "optional": true
              }
            },
            "description_kind": "plain"
          }
        },
        "snowflake_stream_grant": {
          "version": 0,
          "block": {
            "attributes": {
              "database_name": {
                "type": "string",
                "description": "The name of the database containing the current or future streams on which to grant privileges.",
                "description_kind": "plain",
                "required": true
              },
              "enable_multiple_grants": {
                "type": "bool",
                "description": "When this is set to true, multiple grants of the same type can be created. This will cause Terraform to not revoke grants applied to roles and objects outside Terraform.",
                "description_kind": "plain",
                "optional": true
              },
              "id": {
                "type": "string",
                "description_kind": "plain",
                "optional": true,
                "computed": true
              },
              "on_all": {
                "type": "bool",
                "description": "When this is set to true and a schema_name is provided, apply this grant on all streams in the given schema. When this is true and no schema_name is provided apply this grant on all streams in the given database. The stream_name field must be unset in order to use on_all. Cannot be used together with on_future.",
                "description_kind": "plain",
                "optional": true
              },
              "on_future": {
                "type": "bool",
                "description": "When this is set to true and a schema_name is provided, apply this grant on all future streams in the given schema. When this is true and no schema_name is provided apply this grant on all future streams in the given database. The stream_name field must be unset in order to use on_future. Cannot be used together with on_all.",
                "description_kind": "plain",
                "optional": true
              },
              "privilege": {
                "type": "string",
                "description": "The privilege to grant on the current or future stream. To grant all privileges, use the value `ALL PRIVILEGES`.",
                "description_kind": "plain",
                "optional": true
              },
              "revert_ownership_to_role_name": {
                "type": "string",
                "description": "The name of the role to revert ownership to on destroy. Has no effect unless `privilege` is set to `OWNERSHIP`",
                "description_kind": "plain",
                "optional": true
              },
              "roles": {
                "type": [
                  "set",
                  "string"
                ],
                "description": "Grants privilege to these roles.",
                "description_kind": "plain",
                "required": true
              },
              "schema_name": {
                "type": "string",
                "description": "The name of the schema containing the current or future streams on which to grant privileges.",
                "description_kind": "plain",
                "optional": true
              },
              "stream_name": {
                "type": "string",
                "description": "The name of the stream on which to grant privileges immediately (only valid if on_future is false).",
                "description_kind": "plain",
                "optional": true
              },
              "with_grant_option": {
                "type": "bool",
                "description": "When this is set to true, allows the recipient role to grant the privileges to other roles.",
                "description_kind": "plain",
                "optional": true
              }
            },
            "description_kind": "plain",
            "deprecated": true
          }
        },
        "snowflake_table": {
          "version": 0,
          "block": {
            "attributes": {
              "change_tracking": {
                "type": "bool",
                "description": "Specifies whether to enable change tracking on the table. Default false.",
                "description_kind": "plain",
                "optional": true
              },
              "cluster_by": {
                "type": [
                  "list",
                  "string"
                ],
                "description": "A list of one or more table columns/expressions to be used as clustering key(s) for the table",
                "description_kind": "plain",
                "optional": true
              },
              "comment": {
                "type": "string",
                "description": "Specifies a comment for the table.",
                "description_kind": "plain",
                "optional": true
              },
              "data_retention_days": {
                "type": "number",
                "description": "Specifies the retention period for the table so that Time Travel actions (SELECT, CLONE, UNDROP) can be performed on historical data in the table. Default value is 1, if you wish to inherit the parent schema setting then pass in the schema attribute to this argument.",
                "description_kind": "plain",
                "deprecated": true,
                "optional": true
              },
              "data_retention_time_in_days": {
                "type": "number",
                "description": "Specifies the retention period for the table so that Time Travel actions (SELECT, CLONE, UNDROP) can be performed on historical data in the table. Default value is 1, if you wish to inherit the parent schema setting then pass in the schema attribute to this argument.",
                "description_kind": "plain",
                "deprecated": true,
                "optional": true
              },
              "database": {
                "type": "string",
                "description": "The database in which to create the table.",
                "description_kind": "plain",
                "required": true
              },
              "id": {
                "type": "string",
                "description_kind": "plain",
                "optional": true,
                "computed": true
              },
              "name": {
                "type": "string",
                "description": "Specifies the identifier for the table; must be unique for the database and schema in which the table is created.",
                "description_kind": "plain",
                "required": true
              },
              "owner": {
                "type": "string",
                "description": "Name of the role that owns the table.",
                "description_kind": "plain",
                "computed": true
              },
              "qualified_name": {
                "type": "string",
                "description": "Qualified name of the table.",
                "description_kind": "plain",
                "computed": true
              },
              "schema": {
                "type": "string",
                "description": "The schema in which to create the table.",
                "description_kind": "plain",
                "required": true
              }
            },
            "block_types": {
              "column": {
                "nesting_mode": "list",
                "block": {
                  "attributes": {
                    "comment": {
                      "type": "string",
                      "description": "Column comment",
                      "description_kind": "plain",
                      "optional": true
                    },
                    "masking_policy": {
                      "type": "string",
                      "description": "Masking policy to apply on column",
                      "description_kind": "plain",
                      "optional": true
                    },
                    "name": {
                      "type": "string",
                      "description": "Column name",
                      "description_kind": "plain",
                      "required": true
                    },
                    "nullable": {
                      "type": "bool",
                      "description": "Whether this column can contain null values. **Note**: Depending on your Snowflake version, the default value will not suffice if this column is used in a primary key constraint.",
                      "description_kind": "plain",
                      "optional": true
                    },
                    "type": {
                      "type": "string",
                      "description": "Column type, e.g. VARIANT",
                      "description_kind": "plain",
                      "required": true
                    }
                  },
                  "block_types": {
                    "default": {
                      "nesting_mode": "list",
                      "block": {
                        "attributes": {
                          "constant": {
                            "type": "string",
                            "description": "The default constant value for the column",
                            "description_kind": "plain",
                            "optional": true
                          },
                          "expression": {
                            "type": "string",
                            "description": "The default expression value for the column",
                            "description_kind": "plain",
                            "optional": true
                          },
                          "sequence": {
                            "type": "string",
                            "description": "The default sequence to use for the column",
                            "description_kind": "plain",
                            "optional": true
                          }
                        },
                        "description": "Defines the column default value; note due to limitations of Snowflake's ALTER TABLE ADD/MODIFY COLUMN updates to default will not be applied",
                        "description_kind": "plain"
                      },
                      "max_items": 1
                    },
                    "identity": {
                      "nesting_mode": "list",
                      "block": {
                        "attributes": {
                          "start_num": {
                            "type": "number",
                            "description": "The number to start incrementing at.",
                            "description_kind": "plain",
                            "optional": true
                          },
                          "step_num": {
                            "type": "number",
                            "description": "Step size to increment by.",
                            "description_kind": "plain",
                            "optional": true
                          }
                        },
                        "description": "Defines the identity start/step values for a column. **Note** Identity/default are mutually exclusive.",
                        "description_kind": "plain"
                      },
                      "max_items": 1
                    }
                  },
                  "description": "Definitions of a column to create in the table. Minimum one required.",
                  "description_kind": "plain"
                },
                "min_items": 1
              },
              "primary_key": {
                "nesting_mode": "list",
                "block": {
                  "attributes": {
                    "keys": {
                      "type": [
                        "list",
                        "string"
                      ],
                      "description": "Columns to use in primary key",
                      "description_kind": "plain",
                      "required": true
                    },
                    "name": {
                      "type": "string",
                      "description": "Name of constraint",
                      "description_kind": "plain",
                      "optional": true
                    }
                  },
                  "description": "Definitions of primary key constraint to create on table",
                  "description_kind": "plain",
                  "deprecated": true
                },
                "max_items": 1
              },
              "tag": {
                "nesting_mode": "list",
                "block": {
                  "attributes": {
                    "database": {
                      "type": "string",
                      "description": "Name of the database that the tag was created in.",
                      "description_kind": "plain",
                      "optional": true
                    },
                    "name": {
                      "type": "string",
                      "description": "Tag name, e.g. department.",
                      "description_kind": "plain",
                      "required": true
                    },
                    "schema": {
                      "type": "string",
                      "description": "Name of the schema that the tag was created in.",
                      "description_kind": "plain",
                      "optional": true
                    },
                    "value": {
                      "type": "string",
                      "description": "Tag value, e.g. marketing_info.",
                      "description_kind": "plain",
                      "required": true
                    }
                  },
                  "description": "Definitions of a tag to associate with the resource.",
                  "description_kind": "plain",
                  "deprecated": true
                }
              }
            },
            "description_kind": "plain"
          }
        },
        "snowflake_table_column_masking_policy_application": {
          "version": 0,
          "block": {
            "attributes": {
              "column": {
                "type": "string",
                "description": "The column to apply the masking policy to.",
                "description_kind": "plain",
                "required": true
              },
              "id": {
                "type": "string",
                "description_kind": "plain",
                "optional": true,
                "computed": true
              },
              "masking_policy": {
                "type": "string",
                "description": "Fully qualified name (`database.schema.policyname`) of the policy to apply.",
                "description_kind": "plain",
                "required": true
              },
              "table": {
                "type": "string",
                "description": "The fully qualified name (`database.schema.table`) of the table to apply the masking policy to.",
                "description_kind": "plain",
                "required": true
              }
            },
            "description": "Applies a masking policy to a table column.",
            "description_kind": "plain"
          }
        },
        "snowflake_table_constraint": {
          "version": 0,
          "block": {
            "attributes": {
              "columns": {
                "type": [
                  "list",
                  "string"
                ],
                "description": "Columns to use in constraint key",
                "description_kind": "plain",
                "required": true
              },
              "comment": {
                "type": "string",
                "description": "Comment for the table constraint",
                "description_kind": "plain",
                "optional": true
              },
              "deferrable": {
                "type": "bool",
                "description": "Whether the constraint is deferrable",
                "description_kind": "plain",
                "optional": true
              },
              "enable": {
                "type": "bool",
                "description": "Specifies whether the constraint is enabled or disabled. These properties are provided for compatibility with Oracle.",
                "description_kind": "plain",
                "optional": true
              },
              "enforced": {
                "type": "bool",
                "description": "Whether the constraint is enforced",
                "description_kind": "plain",
                "optional": true
              },
              "id": {
                "type": "string",
                "description_kind": "plain",
                "optional": true,
                "computed": true
              },
              "initially": {
                "type": "string",
                "description": "Whether the constraint is initially deferred or immediate",
                "description_kind": "plain",
                "optional": true
              },
              "name": {
                "type": "string",
                "description": "Name of constraint",
                "description_kind": "plain",
                "required": true
              },
              "rely": {
                "type": "bool",
                "description": "Specifies whether a constraint in NOVALIDATE mode is taken into account during query rewrite.",
                "description_kind": "plain",
                "optional": true
              },
              "table_id": {
                "type": "string",
                "description": "Idenfifier for table to create constraint on. Must be of the form Note: format must follow: \"<db_name>\".\"<schema_name>\".\"<table_name>\" or \"<db_name>.<schema_name>.<table_name>\" or \"<db_name>|<schema_name>.<table_name>\" (snowflake_table.my_table.id)",
                "description_kind": "plain",
                "required": true
              },
              "type": {
                "type": "string",
                "description": "Type of constraint, one of 'UNIQUE', 'PRIMARY KEY', 'FOREIGN KEY', or 'NOT NULL'",
                "description_kind": "plain",
                "required": true
              },
              "validate": {
                "type": "bool",
                "description": "Specifies whether to validate existing data on the table when a constraint is created. Only used in conjunction with the ENABLE property.",
                "description_kind": "plain",
                "optional": true
              }
            },
            "block_types": {
              "foreign_key_properties": {
                "nesting_mode": "list",
                "block": {
                  "attributes": {
                    "match": {
                      "type": "string",
                      "description": "The match type for the foreign key. Not applicable for primary/unique keys",
                      "description_kind": "plain",
                      "optional": true
                    },
                    "on_delete": {
                      "type": "string",
                      "description": "Specifies the action performed when the primary/unique key for the foreign key is deleted. Not applicable for primary/unique keys",
                      "description_kind": "plain",
                      "optional": true
                    },
                    "on_update": {
                      "type": "string",
                      "description": "Specifies the action performed when the primary/unique key for the foreign key is updated. Not applicable for primary/unique keys",
                      "description_kind": "plain",
                      "optional": true
                    }
                  },
                  "block_types": {
                    "references": {
                      "nesting_mode": "list",
                      "block": {
                        "attributes": {
                          "columns": {
                            "type": [
                              "list",
                              "string"
                            ],
                            "description": "Columns to use in foreign key reference",
                            "description_kind": "plain",
                            "required": true
                          },
                          "table_id": {
                            "type": "string",
                            "description": "Name of constraint",
                            "description_kind": "plain",
                            "required": true
                          }
                        },
                        "description": "The table and columns that the foreign key references. Not applicable for primary/unique keys",
                        "description_kind": "plain"
                      },
                      "max_items": 1
                    }
                  },
                  "description": "Additional properties when type is set to foreign key. Not applicable for primary/unique keys",
                  "description_kind": "plain"
                },
                "max_items": 1
              }
            },
            "description_kind": "plain"
          }
        },
        "snowflake_table_grant": {
          "version": 0,
          "block": {
            "attributes": {
              "database_name": {
                "type": "string",
                "description": "The name of the database containing the current or future tables on which to grant privileges.",
                "description_kind": "plain",
                "required": true
              },
              "enable_multiple_grants": {
                "type": "bool",
                "description": "When this is set to true, multiple grants of the same type can be created. This will cause Terraform to not revoke grants applied to roles and objects outside Terraform.",
                "description_kind": "plain",
                "optional": true
              },
              "id": {
                "type": "string",
                "description_kind": "plain",
                "optional": true,
                "computed": true
              },
              "on_all": {
                "type": "bool",
                "description": "When this is set to true and a schema_name is provided, apply this grant on all tables in the given schema. When this is true and no schema_name is provided apply this grant on all tables in the given database. The table_name and shares fields must be unset in order to use on_all. Cannot be used together with on_future.",
                "description_kind": "plain",
                "optional": true
              },
              "on_future": {
                "type": "bool",
                "description": "When this is set to true and a schema_name is provided, apply this grant on all future tables in the given schema. When this is true and no schema_name is provided apply this grant on all future tables in the given database. The table_name and shares fields must be unset in order to use on_future. Cannot be used together with on_all.",
                "description_kind": "plain",
                "optional": true
              },
              "privilege": {
                "type": "string",
                "description": "The privilege to grant on the current or future table. To grant all privileges, use the value `ALL PRIVILEGES`.",
                "description_kind": "plain",
                "optional": true
              },
              "revert_ownership_to_role_name": {
                "type": "string",
                "description": "The name of the role to revert ownership to on destroy. Has no effect unless `privilege` is set to `OWNERSHIP`",
                "description_kind": "plain",
                "optional": true
              },
              "roles": {
                "type": [
                  "set",
                  "string"
                ],
                "description": "Grants privilege to these roles.",
                "description_kind": "plain",
                "optional": true
              },
              "schema_name": {
                "type": "string",
                "description": "The name of the schema containing the current or future tables on which to grant privileges.",
                "description_kind": "plain",
                "optional": true
              },
              "shares": {
                "type": [
                  "set",
                  "string"
                ],
                "description": "Grants privilege to these shares (only valid if on_future or on_all are unset).",
                "description_kind": "plain",
                "optional": true
              },
              "table_name": {
                "type": "string",
                "description": "The name of the table on which to grant privileges immediately (only valid if on_future or on_all are unset).",
                "description_kind": "plain",
                "optional": true
              },
              "with_grant_option": {
                "type": "bool",
                "description": "When this is set to true, allows the recipient role to grant the privileges to other roles.",
                "description_kind": "plain",
                "optional": true
              }
            },
            "description_kind": "plain",
            "deprecated": true
          }
        },
        "snowflake_tag": {
          "version": 0,
          "block": {
            "attributes": {
              "allowed_values": {
                "type": [
                  "list",
                  "string"
                ],
                "description": "List of allowed values for the tag.",
                "description_kind": "plain",
                "optional": true
              },
              "comment": {
                "type": "string",
                "description": "Specifies a comment for the tag.",
                "description_kind": "plain",
                "optional": true
              },
              "database": {
                "type": "string",
                "description": "The database in which to create the tag.",
                "description_kind": "plain",
                "required": true
              },
              "id": {
                "type": "string",
                "description_kind": "plain",
                "optional": true,
                "computed": true
              },
              "name": {
                "type": "string",
                "description": "Specifies the identifier for the tag; must be unique for the database in which the tag is created.",
                "description_kind": "plain",
                "required": true
              },
              "schema": {
                "type": "string",
                "description": "The schema in which to create the tag.",
                "description_kind": "plain",
                "required": true
              }
            },
            "description_kind": "plain"
          }
        },
        "snowflake_tag_association": {
          "version": 0,
          "block": {
            "attributes": {
              "id": {
                "type": "string",
                "description_kind": "plain",
                "optional": true,
                "computed": true
              },
              "object_name": {
                "type": "string",
                "description": "Specifies the object identifier for the tag association.",
                "description_kind": "plain",
                "deprecated": true,
                "optional": true
              },
              "object_type": {
                "type": "string",
                "description": "Specifies the type of object to add a tag to. ex: 'ACCOUNT', 'COLUMN', 'DATABASE', etc. For more information: https://docs.snowflake.com/en/user-guide/object-tagging.html#supported-objects",
                "description_kind": "plain",
                "required": true
              },
              "skip_validation": {
                "type": "bool",
                "description": "If true, skips validation of the tag association.",
                "description_kind": "plain",
                "optional": true
              },
              "tag_id": {
                "type": "string",
                "description": "Specifies the identifier for the tag. Note: format must follow: \"databaseName\".\"schemaName\".\"tagName\" or \"databaseName.schemaName.tagName\" or \"databaseName|schemaName.tagName\" (snowflake_tag.tag.id)",
                "description_kind": "plain",
                "required": true
              },
              "tag_value": {
                "type": "string",
                "description": "Specifies the value of the tag, (e.g. 'finance' or 'engineering')",
                "description_kind": "plain",
                "required": true
              }
            },
            "block_types": {
              "object_identifier": {
                "nesting_mode": "list",
                "block": {
                  "attributes": {
                    "database": {
                      "type": "string",
                      "description": "Name of the database that the object was created in.",
                      "description_kind": "plain",
                      "optional": true
                    },
                    "name": {
                      "type": "string",
                      "description": "Name of the object to associate the tag with.",
                      "description_kind": "plain",
                      "required": true
                    },
                    "schema": {
                      "type": "string",
                      "description": "Name of the schema that the object was created in.",
                      "description_kind": "plain",
                      "optional": true
                    }
                  },
                  "description": "Specifies the object identifier for the tag association.",
                  "description_kind": "plain"
                },
                "min_items": 1
              },
              "timeouts": {
                "nesting_mode": "single",
                "block": {
                  "attributes": {
                    "create": {
                      "type": "string",
                      "description_kind": "plain",
                      "optional": true
                    }
                  },
                  "description_kind": "plain"
                }
              }
            },
            "description_kind": "plain"
          }
        },
        "snowflake_tag_grant": {
          "version": 0,
          "block": {
            "attributes": {
              "database_name": {
                "type": "string",
                "description": "The name of the database containing the tag on which to grant privileges.",
                "description_kind": "plain",
                "required": true
              },
              "enable_multiple_grants": {
                "type": "bool",
                "description": "When this is set to true, multiple grants of the same type can be created. This will cause Terraform to not revoke grants applied to roles and objects outside Terraform.",
                "description_kind": "plain",
                "optional": true
              },
              "id": {
                "type": "string",
                "description_kind": "plain",
                "optional": true,
                "computed": true
              },
              "privilege": {
                "type": "string",
                "description": "The privilege to grant on the tag. To grant all privileges, use the value `ALL PRIVILEGES`.",
                "description_kind": "plain",
                "optional": true
              },
              "revert_ownership_to_role_name": {
                "type": "string",
                "description": "The name of the role to revert ownership to on destroy. Has no effect unless `privilege` is set to `OWNERSHIP`",
                "description_kind": "plain",
                "optional": true
              },
              "roles": {
                "type": [
                  "set",
                  "string"
                ],
                "description": "Grants privilege to these roles.",
                "description_kind": "plain",
                "optional": true
              },
              "schema_name": {
                "type": "string",
                "description": "The name of the schema containing the tag on which to grant privileges.",
                "description_kind": "plain",
                "required": true
              },
              "tag_name": {
                "type": "string",
                "description": "The name of the tag on which to grant privileges.",
                "description_kind": "plain",
                "required": true
              },
              "with_grant_option": {
                "type": "bool",
                "description": "When this is set to true, allows the recipient role to grant the privileges to other roles.",
                "description_kind": "plain",
                "optional": true
              }
            },
            "description_kind": "plain",
            "deprecated": true
          }
        },
        "snowflake_tag_masking_policy_association": {
          "version": 0,
          "block": {
            "attributes": {
              "id": {
                "type": "string",
                "description_kind": "plain",
                "optional": true,
                "computed": true
              },
              "masking_policy_id": {
                "type": "string",
                "description": "The resource id of the masking policy",
                "description_kind": "plain",
                "required": true
              },
              "tag_id": {
                "type": "string",
                "description": "Specifies the identifier for the tag. Note: format must follow: \"databaseName\".\"schemaName\".\"tagName\" or \"databaseName.schemaName.tagName\" or \"databaseName|schemaName.tagName\" (snowflake_tag.tag.id)",
                "description_kind": "plain",
                "required": true
              }
            },
            "description": "Attach a masking policy to a tag. Requires a current warehouse to be set. Either with SNOWFLAKE_WAREHOUSE env variable or in current session. If no warehouse is provided, a temporary warehouse will be created.",
            "description_kind": "plain"
          }
        },
        "snowflake_task": {
          "version": 0,
          "block": {
            "attributes": {
              "after": {
                "type": [
                  "list",
                  "string"
                ],
                "description": "Specifies one or more predecessor tasks for the current task. Use this option to create a DAG of tasks or add this task to an existing DAG. A DAG is a series of tasks that starts with a scheduled root task and is linked together by dependencies.",
                "description_kind": "plain",
                "optional": true
              },
              "allow_overlapping_execution": {
                "type": "bool",
                "description": "By default, Snowflake ensures that only one instance of a particular DAG is allowed to run at a time, setting the parameter value to TRUE permits DAG runs to overlap.",
                "description_kind": "plain",
                "optional": true
              },
              "comment": {
                "type": "string",
                "description": "Specifies a comment for the task.",
                "description_kind": "plain",
                "optional": true
              },
              "database": {
                "type": "string",
                "description": "The database in which to create the task.",
                "description_kind": "plain",
                "required": true
              },
              "enabled": {
                "type": "bool",
                "description": "Specifies if the task should be started (enabled) after creation or should remain suspended (default).",
                "description_kind": "plain",
                "optional": true
              },
              "error_integration": {
                "type": "string",
                "description": "Specifies the name of the notification integration used for error notifications.",
                "description_kind": "plain",
                "optional": true
              },
              "id": {
                "type": "string",
                "description_kind": "plain",
                "optional": true,
                "computed": true
              },
              "name": {
                "type": "string",
                "description": "Specifies the identifier for the task; must be unique for the database and schema in which the task is created.",
                "description_kind": "plain",
                "required": true
              },
              "schedule": {
                "type": "string",
                "description": "The schedule for periodically running the task. This can be a cron or interval in minutes. (Conflict with after)",
                "description_kind": "plain",
                "optional": true
              },
              "schema": {
                "type": "string",
                "description": "The schema in which to create the task.",
                "description_kind": "plain",
                "required": true
              },
              "session_parameters": {
                "type": [
                  "map",
                  "string"
                ],
                "description": "Specifies session parameters to set for the session when the task runs. A task supports all session parameters.",
                "description_kind": "plain",
                "optional": true
              },
              "sql_statement": {
                "type": "string",
                "description": "Any single SQL statement, or a call to a stored procedure, executed when the task runs.",
                "description_kind": "plain",
                "required": true
              },
              "suspend_task_after_num_failures": {
                "type": "number",
                "description": "Specifies the number of consecutive failed task runs after which the current task is suspended automatically. The default is 0 (no automatic suspension).",
                "description_kind": "plain",
                "optional": true
              },
              "user_task_managed_initial_warehouse_size": {
                "type": "string",
                "description": "Specifies the size of the compute resources to provision for the first run of the task, before a task history is available for Snowflake to determine an ideal size. Once a task has successfully completed a few runs, Snowflake ignores this parameter setting. (Conflicts with warehouse)",
                "description_kind": "plain",
                "optional": true
              },
              "user_task_timeout_ms": {
                "type": "number",
                "description": "Specifies the time limit on a single run of the task before it times out (in milliseconds).",
                "description_kind": "plain",
                "optional": true
              },
              "warehouse": {
                "type": "string",
                "description": "The warehouse the task will use. Omit this parameter to use Snowflake-managed compute resources for runs of this task. (Conflicts with user_task_managed_initial_warehouse_size)",
                "description_kind": "plain",
                "optional": true
              },
              "when": {
                "type": "string",
                "description": "Specifies a Boolean SQL expression; multiple conditions joined with AND/OR are supported.",
                "description_kind": "plain",
                "optional": true
              }
            },
            "description_kind": "plain"
          }
        },
        "snowflake_task_grant": {
          "version": 0,
          "block": {
            "attributes": {
              "database_name": {
                "type": "string",
                "description": "The name of the database containing the current or future tasks on which to grant privileges.",
                "description_kind": "plain",
                "required": true
              },
              "enable_multiple_grants": {
                "type": "bool",
                "description": "When this is set to true, multiple grants of the same type can be created. This will cause Terraform to not revoke grants applied to roles and objects outside Terraform.",
                "description_kind": "plain",
                "optional": true
              },
              "id": {
                "type": "string",
                "description_kind": "plain",
                "optional": true,
                "computed": true
              },
              "on_all": {
                "type": "bool",
                "description": "When this is set to true and a schema_name is provided, apply this grant on all tasks in the given schema. When this is true and no schema_name is provided apply this grant on all tasks in the given database. The task_name field must be unset in order to use on_all. Cannot be used together with on_future.",
                "description_kind": "plain",
                "optional": true
              },
              "on_future": {
                "type": "bool",
                "description": "When this is set to true and a schema_name is provided, apply this grant on all future tasks in the given schema. When this is true and no schema_name is provided apply this grant on all future tasks in the given database. The task_name field must be unset in order to use on_future. Cannot be used together with on_all.",
                "description_kind": "plain",
                "optional": true
              },
              "privilege": {
                "type": "string",
                "description": "The privilege to grant on the current or future task. To grant all privileges, use the value `ALL PRIVILEGES`.",
                "description_kind": "plain",
                "optional": true
              },
              "revert_ownership_to_role_name": {
                "type": "string",
                "description": "The name of the role to revert ownership to on destroy. Has no effect unless `privilege` is set to `OWNERSHIP`",
                "description_kind": "plain",
                "optional": true
              },
              "roles": {
                "type": [
                  "set",
                  "string"
                ],
                "description": "Grants privilege to these roles.",
                "description_kind": "plain",
                "required": true
              },
              "schema_name": {
                "type": "string",
                "description": "The name of the schema containing the current or future tasks on which to grant privileges.",
                "description_kind": "plain",
                "optional": true
              },
              "task_name": {
                "type": "string",
                "description": "The name of the task on which to grant privileges immediately (only valid if on_future is false).",
                "description_kind": "plain",
                "optional": true
              },
              "with_grant_option": {
                "type": "bool",
                "description": "When this is set to true, allows the recipient role to grant the privileges to other roles.",
                "description_kind": "plain",
                "optional": true
              }
            },
            "description_kind": "plain",
            "deprecated": true
          }
        },
        "snowflake_unsafe_execute": {
          "version": 0,
          "block": {
            "attributes": {
              "execute": {
                "type": "string",
                "description": "SQL statement to execute. Forces recreation of resource on change.",
                "description_kind": "plain",
                "required": true
              },
              "id": {
                "type": "string",
                "description_kind": "plain",
                "optional": true,
                "computed": true
              },
              "query": {
                "type": "string",
                "description": "Optional SQL statement to do a read. Invoked after creation and every time it is changed.",
                "description_kind": "plain",
                "optional": true
              },
              "query_results": {
                "type": [
                  "list",
                  [
                    "map",
                    "string"
                  ]
                ],
                "description": "List of key-value maps (text to text) retrieved after executing read query. Will be empty if the query results in an error.",
                "description_kind": "plain",
                "computed": true
              },
              "revert": {
                "type": "string",
                "description": "SQL statement to revert the execute statement. Invoked when resource is being destroyed.",
                "description_kind": "plain",
                "required": true
              }
            },
            "description": "Experimental resource used for testing purposes only. Allows to execute ANY SQL statement.",
            "description_kind": "plain",
            "deprecated": true
          }
        },
        "snowflake_user": {
          "version": 0,
          "block": {
            "attributes": {
              "comment": {
                "type": "string",
                "description_kind": "plain",
                "optional": true
              },
              "default_namespace": {
                "type": "string",
                "description": "Specifies the namespace (database only or database and schema) that is active by default for the user’s session upon login.",
                "description_kind": "plain",
                "optional": true
              },
              "default_role": {
                "type": "string",
                "description": "Specifies the role that is active by default for the user’s session upon login.",
                "description_kind": "plain",
                "optional": true,
                "computed": true
              },
              "default_secondary_roles": {
                "type": [
                  "set",
                  "string"
                ],
                "description": "Specifies the set of secondary roles that are active for the user’s session upon login. Currently only [\"ALL\"] value is supported - more information can be found in [doc](https://docs.snowflake.com/en/sql-reference/sql/create-user#optional-object-properties-objectproperties)",
                "description_kind": "plain",
                "optional": true
              },
              "default_warehouse": {
                "type": "string",
                "description": "Specifies the virtual warehouse that is active by default for the user’s session upon login.",
                "description_kind": "plain",
                "optional": true
              },
              "disabled": {
                "type": "bool",
                "description_kind": "plain",
                "optional": true,
                "computed": true
              },
              "display_name": {
                "type": "string",
                "description": "Name displayed for the user in the Snowflake web interface.",
                "description_kind": "plain",
                "optional": true,
                "computed": true,
                "sensitive": true
              },
              "email": {
                "type": "string",
                "description": "Email address for the user.",
                "description_kind": "plain",
                "optional": true,
                "sensitive": true
              },
              "first_name": {
                "type": "string",
                "description": "First name of the user.",
                "description_kind": "plain",
                "optional": true,
                "sensitive": true
              },
              "has_rsa_public_key": {
                "type": "bool",
                "description": "Will be true if user as an RSA key set.",
                "description_kind": "plain",
                "computed": true
              },
              "id": {
                "type": "string",
                "description_kind": "plain",
                "optional": true,
                "computed": true
              },
              "last_name": {
                "type": "string",
                "description": "Last name of the user.",
                "description_kind": "plain",
                "optional": true,
                "sensitive": true
              },
              "login_name": {
                "type": "string",
                "description": "The name users use to log in. If not supplied, snowflake will use name instead.",
                "description_kind": "plain",
                "optional": true,
                "computed": true
              },
              "must_change_password": {
                "type": "bool",
                "description": "Specifies whether the user is forced to change their password on next login (including their first/initial login) into the system.",
                "description_kind": "plain",
                "optional": true
              },
              "name": {
                "type": "string",
                "description": "Name of the user. Note that if you do not supply login_name this will be used as login_name. [doc](https://docs.snowflake.net/manuals/sql-reference/sql/create-user.html#required-parameters)",
                "description_kind": "plain",
                "required": true,
                "sensitive": true
              },
              "password": {
                "type": "string",
                "description": "**WARNING:** this will put the password in the terraform state file. Use carefully.",
                "description_kind": "plain",
                "optional": true,
                "sensitive": true
              },
              "rsa_public_key": {
                "type": "string",
                "description": "Specifies the user’s RSA public key; used for key-pair authentication. Must be on 1 line without header and trailer.",
                "description_kind": "plain",
                "optional": true
              },
              "rsa_public_key_2": {
                "type": "string",
                "description": "Specifies the user’s second RSA public key; used to rotate the public and private keys for key-pair authentication based on an expiration schedule set by your organization. Must be on 1 line without header and trailer.",
                "description_kind": "plain",
                "optional": true
              }
            },
            "description_kind": "plain"
          }
        },
        "snowflake_user_grant": {
          "version": 0,
          "block": {
            "attributes": {
              "enable_multiple_grants": {
                "type": "bool",
                "description": "When this is set to true, multiple grants of the same type can be created. This will cause Terraform to not revoke grants applied to roles and objects outside Terraform.",
                "description_kind": "plain",
                "optional": true
              },
              "id": {
                "type": "string",
                "description_kind": "plain",
                "optional": true,
                "computed": true
              },
              "privilege": {
                "type": "string",
                "description": "The privilege to grant on the user. To grant all privileges, use the value `ALL PRIVILEGES`.",
                "description_kind": "plain",
                "required": true
              },
              "roles": {
                "type": [
                  "set",
                  "string"
                ],
                "description": "Grants privilege to these roles.",
                "description_kind": "plain",
                "optional": true
              },
              "user_name": {
                "type": "string",
                "description": "The name of the user on which to grant privileges.",
                "description_kind": "plain",
                "required": true
              },
              "with_grant_option": {
                "type": "bool",
                "description": "When this is set to true, allows the recipient role to grant the privileges to other roles.",
                "description_kind": "plain",
                "optional": true
              }
            },
            "description_kind": "plain",
            "deprecated": true
          }
        },
        "snowflake_user_ownership_grant": {
          "version": 0,
          "block": {
            "attributes": {
              "current_grants": {
                "type": "string",
                "description": "Specifies whether to remove or transfer all existing outbound privileges on the object when ownership is transferred to a new role.",
                "description_kind": "plain",
                "optional": true
              },
              "id": {
                "type": "string",
                "description_kind": "plain",
                "optional": true,
                "computed": true
              },
              "on_user_name": {
                "type": "string",
                "description": "The name of the user ownership is granted on.",
                "description_kind": "plain",
                "required": true
              },
              "revert_ownership_to_role_name": {
                "type": "string",
                "description": "The name of the role to revert ownership to on destroy.",
                "description_kind": "plain",
                "optional": true
              },
              "to_role_name": {
                "type": "string",
                "description": "The name of the role to grant ownership. Please ensure that the role that terraform is using is granted access.",
                "description_kind": "plain",
                "required": true
              }
            },
            "description_kind": "plain"
          }
        },
        "snowflake_user_public_keys": {
          "version": 0,
          "block": {
            "attributes": {
              "id": {
                "type": "string",
                "description_kind": "plain",
                "optional": true,
                "computed": true
              },
              "name": {
                "type": "string",
                "description": "Name of the user.",
                "description_kind": "plain",
                "required": true
              },
              "rsa_public_key": {
                "type": "string",
                "description": "Specifies the user’s RSA public key; used for key-pair authentication. Must be on 1 line without header and trailer.",
                "description_kind": "plain",
                "optional": true
              },
              "rsa_public_key_2": {
                "type": "string",
                "description": "Specifies the user’s second RSA public key; used to rotate the public and Public keys for key-pair authentication based on an expiration schedule set by your organization. Must be on 1 line without header and trailer.",
                "description_kind": "plain",
                "optional": true
              }
            },
            "description_kind": "plain"
          }
        },
        "snowflake_view": {
          "version": 0,
          "block": {
            "attributes": {
              "comment": {
                "type": "string",
                "description": "Specifies a comment for the view.",
                "description_kind": "plain",
                "optional": true
              },
              "copy_grants": {
                "type": "bool",
                "description": "Retains the access permissions from the original view when a new view is created using the OR REPLACE clause.",
                "description_kind": "plain",
                "optional": true
              },
              "created_on": {
                "type": "string",
                "description": "The timestamp at which the view was created.",
                "description_kind": "plain",
                "computed": true
              },
              "database": {
                "type": "string",
                "description": "The database in which to create the view. Don't use the | character.",
                "description_kind": "plain",
                "required": true
              },
              "id": {
                "type": "string",
                "description_kind": "plain",
                "optional": true,
                "computed": true
              },
              "is_secure": {
                "type": "bool",
                "description": "Specifies that the view is secure.",
                "description_kind": "plain",
                "optional": true
              },
              "name": {
                "type": "string",
                "description": "Specifies the identifier for the view; must be unique for the schema in which the view is created. Don't use the | character.",
                "description_kind": "plain",
                "required": true
              },
              "or_replace": {
                "type": "bool",
                "description": "Overwrites the View if it exists.",
                "description_kind": "plain",
                "optional": true
              },
              "schema": {
                "type": "string",
                "description": "The schema in which to create the view. Don't use the | character.",
                "description_kind": "plain",
                "required": true
              },
              "statement": {
                "type": "string",
                "description": "Specifies the query used to create the view.",
                "description_kind": "plain",
                "required": true
              }
            },
            "block_types": {
              "tag": {
                "nesting_mode": "list",
                "block": {
                  "attributes": {
                    "database": {
                      "type": "string",
                      "description": "Name of the database that the tag was created in.",
                      "description_kind": "plain",
                      "optional": true
                    },
                    "name": {
                      "type": "string",
                      "description": "Tag name, e.g. department.",
                      "description_kind": "plain",
                      "required": true
                    },
                    "schema": {
                      "type": "string",
                      "description": "Name of the schema that the tag was created in.",
                      "description_kind": "plain",
                      "optional": true
                    },
                    "value": {
                      "type": "string",
                      "description": "Tag value, e.g. marketing_info.",
                      "description_kind": "plain",
                      "required": true
                    }
                  },
                  "description": "Definitions of a tag to associate with the resource.",
                  "description_kind": "plain",
                  "deprecated": true
                }
              }
            },
            "description_kind": "plain"
          }
        },
        "snowflake_view_grant": {
          "version": 0,
          "block": {
            "attributes": {
              "database_name": {
                "type": "string",
                "description": "The name of the database containing the current or future views on which to grant privileges.",
                "description_kind": "plain",
                "required": true
              },
              "enable_multiple_grants": {
                "type": "bool",
                "description": "When this is set to true, multiple grants of the same type can be created. This will cause Terraform to not revoke grants applied to roles and objects outside Terraform.",
                "description_kind": "plain",
                "optional": true
              },
              "id": {
                "type": "string",
                "description_kind": "plain",
                "optional": true,
                "computed": true
              },
              "on_all": {
                "type": "bool",
                "description": "When this is set to true and a schema_name is provided, apply this grant on all views in the given schema. When this is true and no schema_name is provided apply this grant on all views in the given database. The view_name and shares fields must be unset in order to use on_all. Cannot be used together with on_future.",
                "description_kind": "plain",
                "optional": true
              },
              "on_future": {
                "type": "bool",
                "description": "When this is set to true and a schema_name is provided, apply this grant on all future views in the given schema. When this is true and no schema_name is provided apply this grant on all future views in the given database. The view_name and shares fields must be unset in order to use on_future. Cannot be used together with on_all.",
                "description_kind": "plain",
                "optional": true
              },
              "privilege": {
                "type": "string",
                "description": "The privilege to grant on the current or future view. To grant all privileges, use the value `ALL PRIVILEGES`.",
                "description_kind": "plain",
                "optional": true
              },
              "revert_ownership_to_role_name": {
                "type": "string",
                "description": "The name of the role to revert ownership to on destroy. Has no effect unless `privilege` is set to `OWNERSHIP`",
                "description_kind": "plain",
                "optional": true
              },
              "roles": {
                "type": [
                  "set",
                  "string"
                ],
                "description": "Grants privilege to these roles.",
                "description_kind": "plain",
                "optional": true
              },
              "schema_name": {
                "type": "string",
                "description": "The name of the schema containing the current or future views on which to grant privileges.",
                "description_kind": "plain",
                "optional": true
              },
              "shares": {
                "type": [
                  "set",
                  "string"
                ],
                "description": "Grants privilege to these shares (only valid if on_future and on_all are unset).",
                "description_kind": "plain",
                "optional": true
              },
              "view_name": {
                "type": "string",
                "description": "The name of the view on which to grant privileges immediately (only valid if on_future and on_all are unset).",
                "description_kind": "plain",
                "optional": true
              },
              "with_grant_option": {
                "type": "bool",
                "description": "When this is set to true, allows the recipient role to grant the privileges to other roles.",
                "description_kind": "plain",
                "optional": true
              }
            },
            "description_kind": "plain",
            "deprecated": true
          }
        },
        "snowflake_warehouse": {
          "version": 0,
          "block": {
            "attributes": {
              "auto_resume": {
                "type": "bool",
                "description": "Specifies whether to automatically resume a warehouse when a SQL statement (e.g. query) is submitted to it.",
                "description_kind": "plain",
                "optional": true,
                "computed": true
              },
              "auto_suspend": {
                "type": "number",
                "description": "Specifies the number of seconds of inactivity after which a warehouse is automatically suspended.",
                "description_kind": "plain",
                "optional": true,
                "computed": true
              },
              "comment": {
                "type": "string",
                "description_kind": "plain",
                "optional": true
              },
              "enable_query_acceleration": {
                "type": "bool",
                "description": "Specifies whether to enable the query acceleration service for queries that rely on this warehouse for compute resources.",
                "description_kind": "plain",
                "optional": true
              },
              "id": {
                "type": "string",
                "description_kind": "plain",
                "optional": true,
                "computed": true
              },
              "initially_suspended": {
                "type": "bool",
                "description": "Specifies whether the warehouse is created initially in the ‘Suspended’ state.",
                "description_kind": "plain",
                "optional": true
              },
              "max_cluster_count": {
                "type": "number",
                "description": "Specifies the maximum number of server clusters for the warehouse.",
                "description_kind": "plain",
                "optional": true,
                "computed": true
              },
              "max_concurrency_level": {
                "type": "number",
                "description": "Object parameter that specifies the concurrency level for SQL statements (i.e. queries and DML) executed by a warehouse.",
                "description_kind": "plain",
                "optional": true
              },
              "min_cluster_count": {
                "type": "number",
                "description": "Specifies the minimum number of server clusters for the warehouse (only applies to multi-cluster warehouses).",
                "description_kind": "plain",
                "optional": true,
                "computed": true
              },
              "name": {
                "type": "string",
                "description": "Identifier for the virtual warehouse; must be unique for your account.",
                "description_kind": "plain",
                "required": true
              },
              "query_acceleration_max_scale_factor": {
                "type": "number",
                "description": "Specifies the maximum scale factor for leasing compute resources for query acceleration. The scale factor is used as a multiplier based on warehouse size.",
                "description_kind": "plain",
                "optional": true
              },
              "resource_monitor": {
                "type": "string",
                "description": "Specifies the name of a resource monitor that is explicitly assigned to the warehouse.",
                "description_kind": "plain",
                "optional": true,
                "computed": true
              },
              "scaling_policy": {
                "type": "string",
                "description": "Specifies the policy for automatically starting and shutting down clusters in a multi-cluster warehouse running in Auto-scale mode.",
                "description_kind": "plain",
                "optional": true,
                "computed": true
              },
              "statement_queued_timeout_in_seconds": {
                "type": "number",
                "description": "Object parameter that specifies the time, in seconds, a SQL statement (query, DDL, DML, etc.) can be queued on a warehouse before it is canceled by the system.",
                "description_kind": "plain",
                "optional": true
              },
              "statement_timeout_in_seconds": {
                "type": "number",
                "description": "Specifies the time, in seconds, after which a running SQL statement (query, DDL, DML, etc.) is canceled by the system",
                "description_kind": "plain",
                "optional": true
              },
              "wait_for_provisioning": {
                "type": "bool",
                "description": "Specifies whether the warehouse, after being resized, waits for all the servers to provision before executing any queued or new queries.",
                "description_kind": "plain",
                "deprecated": true,
                "optional": true
              },
              "warehouse_size": {
                "type": "string",
                "description": "Specifies the size of the virtual warehouse. Larger warehouse sizes 5X-Large and 6X-Large are currently in preview and only available on Amazon Web Services (AWS).",
                "description_kind": "plain",
                "optional": true,
                "computed": true
              },
              "warehouse_type": {
                "type": "string",
                "description": "Specifies a STANDARD or SNOWPARK-OPTIMIZED warehouse",
                "description_kind": "plain",
                "optional": true
              }
            },
            "description_kind": "plain"
          }
        },
        "snowflake_warehouse_grant": {
          "version": 0,
          "block": {
            "attributes": {
              "enable_multiple_grants": {
                "type": "bool",
                "description": "When this is set to true, multiple grants of the same type can be created. This will cause Terraform to not revoke grants applied to roles and objects outside Terraform.",
                "description_kind": "plain",
                "optional": true
              },
              "id": {
                "type": "string",
                "description_kind": "plain",
                "optional": true,
                "computed": true
              },
              "privilege": {
                "type": "string",
                "description": "The privilege to grant on the warehouse. To grant all privileges, use the value `ALL PRIVILEGES`.",
                "description_kind": "plain",
                "optional": true
              },
              "revert_ownership_to_role_name": {
                "type": "string",
                "description": "The name of the role to revert ownership to on destroy. Has no effect unless `privilege` is set to `OWNERSHIP`",
                "description_kind": "plain",
                "optional": true
              },
              "roles": {
                "type": [
                  "set",
                  "string"
                ],
                "description": "Grants privilege to these roles.",
                "description_kind": "plain",
                "optional": true
              },
              "warehouse_name": {
                "type": "string",
                "description": "The name of the warehouse on which to grant privileges.",
                "description_kind": "plain",
                "required": true
              },
              "with_grant_option": {
                "type": "bool",
                "description": "When this is set to true, allows the recipient role to grant the privileges to other roles.",
                "description_kind": "plain",
                "optional": true
              }
            },
            "description_kind": "plain",
            "deprecated": true
          }
        }
      },
      "data_source_schemas": {
        "snowflake_accounts": {
          "version": 0,
          "block": {
            "attributes": {
              "accounts": {
                "type": [
                  "list",
                  [
                    "object",
                    {
                      "account_locator": "string",
                      "account_locator_url": "string",
                      "account_name": "string",
                      "account_url": "string",
                      "comment": "string",
                      "consumption_billing_entity_name": "string",
                      "created_on": "string",
                      "edition": "string",
                      "is_org_admin": "bool",
                      "managed_accounts": "number",
                      "marketplace_consumer_billing_entity_name": "string",
                      "marketplace_provider_billing_entity_name": "string",
                      "old_account_url": "string",
                      "organization_name": "string",
                      "region_group": "string",
                      "snowflake_region": "string"
                    }
                  ]
                ],
                "description": "List of all the accounts available in the organization.",
                "description_kind": "plain",
                "computed": true
              },
              "id": {
                "type": "string",
                "description_kind": "plain",
                "optional": true,
                "computed": true
              },
              "pattern": {
                "type": "string",
                "description": "Specifies an account name pattern. If a pattern is specified, only accounts matching the pattern are returned.",
                "description_kind": "plain",
                "optional": true
              }
            },
            "description_kind": "plain"
          }
        },
        "snowflake_alerts": {
          "version": 0,
          "block": {
            "attributes": {
              "alerts": {
                "type": [
                  "list",
                  [
                    "object",
                    {
                      "action": "string",
                      "comment": "string",
                      "condition": "string",
                      "database_name": "string",
                      "name": "string",
                      "owner": "string",
                      "schema_name": "string"
                    }
                  ]
                ],
                "description": "Lists alerts for the current/specified database or schema, or across the entire account.",
                "description_kind": "plain",
                "computed": true
              },
              "database": {
                "type": "string",
                "description": "The database from which to return the alerts from.",
                "description_kind": "plain",
                "optional": true
              },
              "id": {
                "type": "string",
                "description_kind": "plain",
                "optional": true,
                "computed": true
              },
              "pattern": {
                "type": "string",
                "description": "Filters the command output by object name.",
                "description_kind": "plain",
                "optional": true
              },
              "schema": {
                "type": "string",
                "description": "The schema from which to return the alerts from.",
                "description_kind": "plain",
                "optional": true
              }
            },
            "description_kind": "plain"
          }
        },
        "snowflake_current_account": {
          "version": 0,
          "block": {
            "attributes": {
              "account": {
                "type": "string",
                "description": "The Snowflake Account ID; as returned by CURRENT_ACCOUNT().",
                "description_kind": "plain",
                "computed": true
              },
              "id": {
                "type": "string",
                "description_kind": "plain",
                "optional": true,
                "computed": true
              },
              "region": {
                "type": "string",
                "description": "The Snowflake Region; as returned by CURRENT_REGION()",
                "description_kind": "plain",
                "computed": true
              },
              "url": {
                "type": "string",
                "description": "The Snowflake URL.",
                "description_kind": "plain",
                "computed": true
              }
            },
            "description_kind": "plain"
          }
        },
        "snowflake_current_role": {
          "version": 0,
          "block": {
            "attributes": {
              "id": {
                "type": "string",
                "description_kind": "plain",
                "optional": true,
                "computed": true
              },
              "name": {
                "type": "string",
                "description": "The name of the [primary role](https://docs.snowflake.com/en/user-guide/security-access-control-overview.html#label-access-control-role-enforcement) in use for the current session.",
                "description_kind": "plain",
                "computed": true
              }
            },
            "description_kind": "plain"
          }
        },
        "snowflake_database": {
          "version": 0,
          "block": {
            "attributes": {
              "comment": {
                "type": "string",
                "description_kind": "plain",
                "computed": true
              },
              "created_on": {
                "type": "string",
                "description_kind": "plain",
                "computed": true
              },
              "id": {
                "type": "string",
                "description_kind": "plain",
                "optional": true,
                "computed": true
              },
              "is_current": {
                "type": "bool",
                "description_kind": "plain",
                "computed": true
              },
              "is_default": {
                "type": "bool",
                "description_kind": "plain",
                "computed": true
              },
              "name": {
                "type": "string",
                "description": "The database from which to return its metadata.",
                "description_kind": "plain",
                "required": true
              },
              "options": {
                "type": "string",
                "description_kind": "plain",
                "computed": true
              },
              "origin": {
                "type": "string",
                "description_kind": "plain",
                "computed": true
              },
              "owner": {
                "type": "string",
                "description_kind": "plain",
                "computed": true
              },
              "retention_time": {
                "type": "number",
                "description_kind": "plain",
                "computed": true
              }
            },
            "description_kind": "plain"
          }
        },
        "snowflake_database_roles": {
          "version": 0,
          "block": {
            "attributes": {
              "database": {
                "type": "string",
                "description": "The database from which to return the database roles from.",
                "description_kind": "plain",
                "required": true
              },
              "database_roles": {
                "type": [
                  "list",
                  [
                    "object",
                    {
                      "comment": "string",
                      "name": "string",
                      "owner": "string"
                    }
                  ]
                ],
                "description": "Lists all the database roles in a specified database.",
                "description_kind": "plain",
                "computed": true
              },
              "id": {
                "type": "string",
                "description_kind": "plain",
                "optional": true,
                "computed": true
              }
            },
            "description_kind": "plain"
          }
        },
        "snowflake_databases": {
          "version": 0,
          "block": {
            "attributes": {
              "databases": {
                "type": [
                  "list",
                  [
                    "object",
                    {
                      "comment": "string",
                      "created_on": "string",
                      "is_current": "bool",
                      "is_default": "bool",
                      "name": "string",
                      "options": "string",
                      "origin": "string",
                      "owner": "string",
                      "replication_configuration": [
                        "list",
                        [
                          "object",
                          {
                            "accounts": [
                              "list",
                              "string"
                            ],
                            "ignore_edition_check": "bool"
                          }
                        ]
                      ],
                      "retention_time": "number"
                    }
                  ]
                ],
                "description": "Snowflake databases",
                "description_kind": "plain",
                "computed": true
              },
              "history": {
                "type": "bool",
                "description": "Optionally includes dropped databases that have not yet been purged The output also includes an additional `dropped_on` column",
                "description_kind": "plain",
                "optional": true
              },
              "id": {
                "type": "string",
                "description_kind": "plain",
                "optional": true,
                "computed": true
              },
              "pattern": {
                "type": "string",
                "description": "Optionally filters the databases by a pattern",
                "description_kind": "plain",
                "optional": true
              },
              "starts_with": {
                "type": "string",
                "description": "Optionally filters the databases by a pattern",
                "description_kind": "plain",
                "optional": true
              },
              "terse": {
                "type": "bool",
                "description": "Optionally returns only the columns `created_on` and `name` in the results",
                "description_kind": "plain",
                "optional": true
              }
            },
            "description_kind": "plain"
          }
        },
        "snowflake_dynamic_tables": {
          "version": 0,
          "block": {
            "attributes": {
              "id": {
                "type": "string",
                "description_kind": "plain",
                "optional": true,
                "computed": true
              },
              "records": {
                "type": [
                  "list",
                  [
                    "object",
                    {
                      "automatic_clustering": "bool",
                      "bytes": "number",
                      "cluster_by": "string",
                      "comment": "string",
                      "created_on": "string",
                      "data_timestamp": "string",
                      "database_name": "string",
                      "is_clone": "bool",
                      "is_replica": "bool",
                      "last_suspended_on": "string",
                      "name": "string",
                      "owner": "string",
                      "refresh_mode": "string",
                      "refresh_mode_reason": "string",
                      "rows": "number",
                      "scheduling_state": "string",
                      "schema_name": "string",
                      "target_lag": "string",
                      "text": "string",
                      "warehouse": "string"
                    }
                  ]
                ],
                "description": "The list of dynamic tables.",
                "description_kind": "plain",
                "computed": true
              },
              "starts_with": {
                "type": "string",
                "description": "Optionally filters the command output based on the characters that appear at the beginning of the object name. The string is case-sensitive.",
                "description_kind": "plain",
                "optional": true
              }
            },
            "block_types": {
              "in": {
                "nesting_mode": "list",
                "block": {
                  "attributes": {
                    "account": {
                      "type": "bool",
                      "description": "Returns records for the entire account.",
                      "description_kind": "plain",
                      "optional": true
                    },
                    "database": {
                      "type": "string",
                      "description": "Returns records for the current database in use or for a specified database (db_name).",
                      "description_kind": "plain",
                      "optional": true
                    },
                    "schema": {
                      "type": "string",
                      "description": "Returns records for the current schema in use or a specified schema (schema_name).",
                      "description_kind": "plain",
                      "optional": true
                    }
                  },
                  "description": "IN clause to filter the list of dynamic tables.",
                  "description_kind": "plain"
                },
                "max_items": 1
              },
              "like": {
                "nesting_mode": "list",
                "block": {
                  "attributes": {
                    "pattern": {
                      "type": "string",
                      "description": "Filters the command output by object name. The filter uses case-insensitive pattern matching with support for SQL wildcard characters (% and _).",
                      "description_kind": "plain",
                      "required": true
                    }
                  },
                  "description": "LIKE clause to filter the list of dynamic tables.",
                  "description_kind": "plain"
                },
                "max_items": 1
              },
              "limit": {
                "nesting_mode": "list",
                "block": {
                  "attributes": {
                    "from": {
                      "type": "string",
                      "description": "The optional FROM 'name_string' subclause effectively serves as a “cursor” for the results. This enables fetching the specified number of rows following the first row whose object name matches the specified string",
                      "description_kind": "plain",
                      "optional": true
                    },
                    "rows": {
                      "type": "number",
                      "description": "Specifies the maximum number of rows to return.",
                      "description_kind": "plain",
                      "optional": true
                    }
                  },
                  "description": "Optionally limits the maximum number of rows returned, while also enabling “pagination” of the results. Note that the actual number of rows returned might be less than the specified limit (e.g. the number of existing objects is less than the specified limit).",
                  "description_kind": "plain"
                },
                "max_items": 1
              }
            },
            "description_kind": "plain"
          }
        },
        "snowflake_external_functions": {
          "version": 0,
          "block": {
            "attributes": {
              "database": {
                "type": "string",
                "description": "The database from which to return the schemas from.",
                "description_kind": "plain",
                "required": true
              },
              "external_functions": {
                "type": [
                  "list",
                  [
                    "object",
                    {
                      "comment": "string",
                      "database": "string",
                      "language": "string",
                      "name": "string",
                      "schema": "string"
                    }
                  ]
                ],
                "description": "The external functions in the schema",
                "description_kind": "plain",
                "computed": true
              },
              "id": {
                "type": "string",
                "description_kind": "plain",
                "optional": true,
                "computed": true
              },
              "schema": {
                "type": "string",
                "description": "The schema from which to return the external functions from.",
                "description_kind": "plain",
                "required": true
              }
            },
            "description_kind": "plain"
          }
        },
        "snowflake_external_tables": {
          "version": 0,
          "block": {
            "attributes": {
              "database": {
                "type": "string",
                "description": "The database from which to return the schemas from.",
                "description_kind": "plain",
                "required": true
              },
              "external_tables": {
                "type": [
                  "list",
                  [
                    "object",
                    {
                      "comment": "string",
                      "database": "string",
                      "name": "string",
                      "schema": "string"
                    }
                  ]
                ],
                "description": "The external tables in the schema",
                "description_kind": "plain",
                "computed": true
              },
              "id": {
                "type": "string",
                "description_kind": "plain",
                "optional": true,
                "computed": true
              },
              "schema": {
                "type": "string",
                "description": "The schema from which to return the external tables from.",
                "description_kind": "plain",
                "required": true
              }
            },
            "description_kind": "plain"
          }
        },
        "snowflake_failover_groups": {
          "version": 0,
          "block": {
            "attributes": {
              "failover_groups": {
                "type": [
                  "list",
                  [
                    "object",
                    {
                      "account_locator": "string",
                      "account_name": "string",
                      "allowed_accounts": [
                        "list",
                        "string"
                      ],
                      "allowed_integration_types": [
                        "list",
                        "string"
                      ],
                      "comment": "string",
                      "created_on": "string",
                      "is_primary": "bool",
                      "next_scheduled_refresh": "string",
                      "object_types": [
                        "list",
                        "string"
                      ],
                      "organization_name": "string",
                      "owner": "string",
                      "primary": "string",
                      "region_group": "string",
                      "replication_schedule": "string",
                      "secondary_state": "string",
                      "snowflake_region": "string",
                      "type": "string"
                    }
                  ]
                ],
                "description": "List of all the failover groups available in the system.",
                "description_kind": "plain",
                "computed": true
              },
              "id": {
                "type": "string",
                "description_kind": "plain",
                "optional": true,
                "computed": true
              },
              "in_account": {
                "type": "string",
                "description": "Specifies the identifier for the account",
                "description_kind": "plain",
                "optional": true
              }
            },
            "description_kind": "plain"
          }
        },
        "snowflake_file_formats": {
          "version": 0,
          "block": {
            "attributes": {
              "database": {
                "type": "string",
                "description": "The database from which to return the schemas from.",
                "description_kind": "plain",
                "required": true
              },
              "file_formats": {
                "type": [
                  "list",
                  [
                    "object",
                    {
                      "comment": "string",
                      "database": "string",
                      "format_type": "string",
                      "name": "string",
                      "schema": "string"
                    }
                  ]
                ],
                "description": "The file formats in the schema",
                "description_kind": "plain",
                "computed": true
              },
              "id": {
                "type": "string",
                "description_kind": "plain",
                "optional": true,
                "computed": true
              },
              "schema": {
                "type": "string",
                "description": "The schema from which to return the file formats from.",
                "description_kind": "plain",
                "required": true
              }
            },
            "description_kind": "plain"
          }
        },
        "snowflake_functions": {
          "version": 0,
          "block": {
            "attributes": {
              "database": {
                "type": "string",
                "description": "The database from which to return the schemas from.",
                "description_kind": "plain",
                "required": true
              },
              "functions": {
                "type": [
                  "list",
                  [
                    "object",
                    {
                      "argument_types": [
                        "list",
                        "string"
                      ],
                      "comment": "string",
                      "database": "string",
                      "name": "string",
                      "return_type": "string",
                      "schema": "string"
                    }
                  ]
                ],
                "description": "The functions in the schema",
                "description_kind": "plain",
                "computed": true
              },
              "id": {
                "type": "string",
                "description_kind": "plain",
                "optional": true,
                "computed": true
              },
              "schema": {
                "type": "string",
                "description": "The schema from which to return the functions from.",
                "description_kind": "plain",
                "required": true
              }
            },
            "description_kind": "plain"
          }
        },
        "snowflake_grants": {
          "version": 0,
          "block": {
            "attributes": {
              "grants": {
                "type": [
                  "list",
                  [
                    "object",
                    {
                      "created_on": "string",
                      "grant_option": "bool",
                      "granted_by": "string",
                      "granted_on": "string",
                      "granted_to": "string",
                      "grantee_name": "string",
                      "name": "string",
                      "privilege": "string"
                    }
                  ]
                ],
                "description": "The list of grants",
                "description_kind": "plain",
                "computed": true
              },
              "id": {
                "type": "string",
                "description_kind": "plain",
                "optional": true,
                "computed": true
              }
            },
            "block_types": {
              "future_grants_in": {
                "nesting_mode": "list",
                "block": {
                  "attributes": {
                    "database": {
                      "type": "string",
                      "description": "Lists all privileges on new (i.e. future) objects of a specified type in the database granted to a role.",
                      "description_kind": "plain",
                      "optional": true
                    }
                  },
                  "block_types": {
                    "schema": {
                      "nesting_mode": "list",
                      "block": {
                        "attributes": {
                          "database_name": {
                            "type": "string",
                            "description": "The database in which the scehma resides. Optional when querying a schema in the current database.",
                            "description_kind": "plain",
                            "optional": true
                          },
                          "schema_name": {
                            "type": "string",
                            "description": "The name of the schema to list all privileges of new (ie. future) objects granted to",
                            "description_kind": "plain",
                            "required": true
                          }
                        },
                        "description": "Lists all privileges on new (i.e. future) objects of a specified type in the schema granted to a role.",
                        "description_kind": "plain"
                      },
                      "max_items": 1
                    }
                  },
                  "description": "Lists all privileges on new (i.e. future) objects",
                  "description_kind": "plain"
                },
                "max_items": 1
              },
              "future_grants_to": {
                "nesting_mode": "list",
                "block": {
                  "attributes": {
                    "role": {
                      "type": "string",
                      "description": "Lists all privileges on new (i.e. future) objects of a specified type in a database or schema granted to the role.",
                      "description_kind": "plain",
                      "required": true
                    }
                  },
                  "description": "Lists all privileges granted to the object on new (i.e. future) objects",
                  "description_kind": "plain"
                },
                "max_items": 1
              },
              "grants_of": {
                "nesting_mode": "list",
                "block": {
                  "attributes": {
                    "role": {
                      "type": "string",
                      "description": "Lists all users and roles to which the role has been granted",
                      "description_kind": "plain",
                      "optional": true
                    },
                    "share": {
                      "type": "string",
                      "description": "Lists all the accounts for the share and indicates the accounts that are using the share.",
                      "description_kind": "plain",
                      "optional": true
                    }
                  },
                  "description": "Lists all objects to which the given object has been granted",
                  "description_kind": "plain"
                },
                "max_items": 1
              },
              "grants_on": {
                "nesting_mode": "list",
                "block": {
                  "attributes": {
                    "account": {
                      "type": "bool",
                      "description": "Object hierarchy to list privileges on. The only valid value is: ACCOUNT. Setting this attribute lists all the account-level (i.e. global) privileges that have been granted to roles.",
                      "description_kind": "plain",
                      "optional": true
                    },
                    "object_name": {
                      "type": "string",
                      "description": "Name of object to list privileges on",
                      "description_kind": "plain",
                      "optional": true
                    },
                    "object_type": {
                      "type": "string",
                      "description": "Type of object to list privileges on.",
                      "description_kind": "plain",
                      "optional": true
                    }
                  },
                  "description": "Lists all privileges that have been granted on an object or account",
                  "description_kind": "plain"
                },
                "max_items": 1
              },
              "grants_to": {
                "nesting_mode": "list",
                "block": {
                  "attributes": {
                    "role": {
                      "type": "string",
                      "description": "Lists all privileges and roles granted to the role",
                      "description_kind": "plain",
                      "optional": true
                    },
                    "share": {
                      "type": "string",
                      "description": "Lists all the privileges granted to the share",
                      "description_kind": "plain",
                      "optional": true
                    },
                    "user": {
                      "type": "string",
                      "description": "Lists all the roles granted to the user. Note that the PUBLIC role, which is automatically available to every user, is not listed",
                      "description_kind": "plain",
                      "optional": true
                    }
                  },
                  "description": "Lists all privileges granted to the object",
                  "description_kind": "plain"
                },
                "max_items": 1
              }
            },
            "description_kind": "plain"
          }
        },
        "snowflake_masking_policies": {
          "version": 0,
          "block": {
            "attributes": {
              "database": {
                "type": "string",
                "description": "The database from which to return the schemas from.",
                "description_kind": "plain",
                "required": true
              },
              "id": {
                "type": "string",
                "description_kind": "plain",
                "optional": true,
                "computed": true
              },
              "masking_policies": {
                "type": [
                  "list",
                  [
                    "object",
                    {
                      "comment": "string",
                      "database": "string",
                      "kind": "string",
                      "name": "string",
                      "schema": "string"
                    }
                  ]
                ],
                "description": "The maskingPolicies in the schema",
                "description_kind": "plain",
                "computed": true
              },
              "schema": {
                "type": "string",
                "description": "The schema from which to return the maskingPolicies from.",
                "description_kind": "plain",
                "required": true
              }
            },
            "description_kind": "plain"
          }
        },
        "snowflake_materialized_views": {
          "version": 0,
          "block": {
            "attributes": {
              "database": {
                "type": "string",
                "description": "The database from which to return the schemas from.",
                "description_kind": "plain",
                "required": true
              },
              "id": {
                "type": "string",
                "description_kind": "plain",
                "optional": true,
                "computed": true
              },
              "materialized_views": {
                "type": [
                  "list",
                  [
                    "object",
                    {
                      "comment": "string",
                      "database": "string",
                      "name": "string",
                      "schema": "string"
                    }
                  ]
                ],
                "description": "The views in the schema",
                "description_kind": "plain",
                "computed": true
              },
              "schema": {
                "type": "string",
                "description": "The schema from which to return the views from.",
                "description_kind": "plain",
                "required": true
              }
            },
            "description_kind": "plain"
          }
        },
        "snowflake_parameters": {
          "version": 0,
          "block": {
            "attributes": {
              "id": {
                "type": "string",
                "description_kind": "plain",
                "optional": true,
                "computed": true
              },
              "object_name": {
                "type": "string",
                "description": "If parameter_type is set to \"OBJECT\" then object_name is the name of the object to display object parameters for.",
                "description_kind": "plain",
                "optional": true
              },
              "object_type": {
                "type": "string",
                "description": "If parameter_type is set to \"OBJECT\" then object_type is the type of object to display object parameters for. Valid values are any object supported by the IN clause of the [SHOW PARAMETERS](https://docs.snowflake.com/en/sql-reference/sql/show-parameters.html#parameters) statement, including: WAREHOUSE | DATABASE | SCHEMA | TASK | TABLE",
                "description_kind": "plain",
                "optional": true
              },
              "parameter_type": {
                "type": "string",
                "description": "The type of parameter to filter by. Valid values are: \"ACCOUNT\", \"SESSION\", \"OBJECT\".",
                "description_kind": "plain",
                "optional": true
              },
              "parameters": {
                "type": [
                  "list",
                  [
                    "object",
                    {
                      "default": "string",
                      "description": "string",
                      "key": "string",
                      "level": "string",
                      "value": "string"
                    }
                  ]
                ],
                "description": "The pipes in the schema",
                "description_kind": "plain",
                "computed": true
              },
              "pattern": {
                "type": "string",
                "description": "Allows limiting the list of parameters by name using LIKE clause. Refer to [Limiting the List of Parameters by Name](https://docs.snowflake.com/en/sql-reference/parameters.html#limiting-the-list-of-parameters-by-name)",
                "description_kind": "plain",
                "optional": true
              },
              "user": {
                "type": "string",
                "description": "If parameter_type is set to \"SESSION\" then user is the name of the user to display session parameters for.",
                "description_kind": "plain",
                "optional": true
              }
            },
            "description_kind": "plain"
          }
        },
        "snowflake_pipes": {
          "version": 0,
          "block": {
            "attributes": {
              "database": {
                "type": "string",
                "description": "The database from which to return the schemas from.",
                "description_kind": "plain",
                "required": true
              },
              "id": {
                "type": "string",
                "description_kind": "plain",
                "optional": true,
                "computed": true
              },
              "pipes": {
                "type": [
                  "list",
                  [
                    "object",
                    {
                      "comment": "string",
                      "database": "string",
                      "integration": "string",
                      "name": "string",
                      "schema": "string"
                    }
                  ]
                ],
                "description": "The pipes in the schema",
                "description_kind": "plain",
                "computed": true
              },
              "schema": {
                "type": "string",
                "description": "The schema from which to return the pipes from.",
                "description_kind": "plain",
                "required": true
              }
            },
            "description_kind": "plain"
          }
        },
        "snowflake_procedures": {
          "version": 0,
          "block": {
            "attributes": {
              "database": {
                "type": "string",
                "description": "The database from which to return the schemas from.",
                "description_kind": "plain",
                "required": true
              },
              "id": {
                "type": "string",
                "description_kind": "plain",
                "optional": true,
                "computed": true
              },
              "procedures": {
                "type": [
                  "list",
                  [
                    "object",
                    {
                      "argument_types": [
                        "list",
                        "string"
                      ],
                      "comment": "string",
                      "database": "string",
                      "name": "string",
                      "return_type": "string",
                      "schema": "string"
                    }
                  ]
                ],
                "description": "The procedures in the schema",
                "description_kind": "plain",
                "computed": true
              },
              "schema": {
                "type": "string",
                "description": "The schema from which to return the procedures from.",
                "description_kind": "plain",
                "required": true
              }
            },
            "description_kind": "plain"
          }
        },
        "snowflake_resource_monitors": {
          "version": 0,
          "block": {
            "attributes": {
              "id": {
                "type": "string",
                "description_kind": "plain",
                "optional": true,
                "computed": true
              },
              "resource_monitors": {
                "type": [
                  "list",
                  [
                    "object",
                    {
                      "comment": "string",
                      "credit_quota": "string",
                      "frequency": "string",
                      "name": "string"
                    }
                  ]
                ],
                "description": "The resource monitors in the database",
                "description_kind": "plain",
                "computed": true
              }
            },
            "description_kind": "plain"
          }
        },
        "snowflake_role": {
          "version": 0,
          "block": {
            "attributes": {
              "comment": {
                "type": "string",
                "description": "The comment on the role",
                "description_kind": "plain",
                "computed": true
              },
              "id": {
                "type": "string",
                "description_kind": "plain",
                "optional": true,
                "computed": true
              },
              "name": {
                "type": "string",
                "description": "The role for which to return metadata.",
                "description_kind": "plain",
                "required": true
              }
            },
            "description_kind": "plain"
          }
        },
        "snowflake_roles": {
          "version": 0,
          "block": {
            "attributes": {
              "id": {
                "type": "string",
                "description_kind": "plain",
                "optional": true,
                "computed": true
              },
              "pattern": {
                "type": "string",
                "description": "Filters the command output by object name.",
                "description_kind": "plain",
                "optional": true
              },
              "roles": {
                "type": [
                  "list",
                  [
                    "object",
                    {
                      "comment": "string",
                      "name": "string",
                      "owner": "string"
                    }
                  ]
                ],
                "description": "List of all the roles which you can view across your entire account, including the system-defined roles and any custom roles that exist.",
                "description_kind": "plain",
                "computed": true
              }
            },
            "description_kind": "plain"
          }
        },
        "snowflake_row_access_policies": {
          "version": 0,
          "block": {
            "attributes": {
              "database": {
                "type": "string",
                "description": "The database from which to return the schemas from.",
                "description_kind": "plain",
                "required": true
              },
              "id": {
                "type": "string",
                "description_kind": "plain",
                "optional": true,
                "computed": true
              },
              "row_access_policies": {
                "type": [
                  "list",
                  [
                    "object",
                    {
                      "comment": "string",
                      "database": "string",
                      "name": "string",
                      "schema": "string"
                    }
                  ]
                ],
                "description": "The row access policy in the schema",
                "description_kind": "plain",
                "computed": true
              },
              "schema": {
                "type": "string",
                "description": "The schema from which to return the row access policyfrom.",
                "description_kind": "plain",
                "required": true
              }
            },
            "description_kind": "plain"
          }
        },
        "snowflake_schemas": {
          "version": 0,
          "block": {
            "attributes": {
              "database": {
                "type": "string",
                "description": "The database from which to return the schemas from.",
                "description_kind": "plain",
                "required": true
              },
              "id": {
                "type": "string",
                "description_kind": "plain",
                "optional": true,
                "computed": true
              },
              "schemas": {
                "type": [
                  "list",
                  [
                    "object",
                    {
                      "comment": "string",
                      "database": "string",
                      "name": "string"
                    }
                  ]
                ],
                "description": "The schemas in the database",
                "description_kind": "plain",
                "computed": true
              }
            },
            "description_kind": "plain"
          }
        },
        "snowflake_sequences": {
          "version": 0,
          "block": {
            "attributes": {
              "database": {
                "type": "string",
                "description": "The database from which to return the schemas from.",
                "description_kind": "plain",
                "required": true
              },
              "id": {
                "type": "string",
                "description_kind": "plain",
                "optional": true,
                "computed": true
              },
              "schema": {
                "type": "string",
                "description": "The schema from which to return the sequences from.",
                "description_kind": "plain",
                "required": true
              },
              "sequences": {
                "type": [
                  "list",
                  [
                    "object",
                    {
                      "comment": "string",
                      "database": "string",
                      "name": "string",
                      "schema": "string"
                    }
                  ]
                ],
                "description": "The sequences in the schema",
                "description_kind": "plain",
                "computed": true
              }
            },
            "description_kind": "plain"
          }
        },
        "snowflake_shares": {
          "version": 0,
          "block": {
            "attributes": {
              "id": {
                "type": "string",
                "description_kind": "plain",
                "optional": true,
                "computed": true
              },
              "pattern": {
                "type": "string",
                "description": "Filters the command output by object name.",
                "description_kind": "plain",
                "optional": true
              },
              "shares": {
                "type": [
                  "list",
                  [
                    "object",
                    {
                      "comment": "string",
                      "kind": "string",
                      "name": "string",
                      "owner": "string",
                      "to": [
                        "list",
                        "string"
                      ]
                    }
                  ]
                ],
                "description": "List of all the shares available in the system.",
                "description_kind": "plain",
                "computed": true
              }
            },
            "description_kind": "plain"
          }
        },
        "snowflake_stages": {
          "version": 0,
          "block": {
            "attributes": {
              "database": {
                "type": "string",
                "description": "The database from which to return the schemas from.",
                "description_kind": "plain",
                "required": true
              },
              "id": {
                "type": "string",
                "description_kind": "plain",
                "optional": true,
                "computed": true
              },
              "schema": {
                "type": "string",
                "description": "The schema from which to return the stages from.",
                "description_kind": "plain",
                "required": true
              },
              "stages": {
                "type": [
                  "list",
                  [
                    "object",
                    {
                      "comment": "string",
                      "database": "string",
                      "name": "string",
                      "schema": "string",
                      "storage_integration": "string"
                    }
                  ]
                ],
                "description": "The stages in the schema",
                "description_kind": "plain",
                "computed": true
              }
            },
            "description_kind": "plain"
          }
        },
        "snowflake_storage_integrations": {
          "version": 0,
          "block": {
            "attributes": {
              "id": {
                "type": "string",
                "description_kind": "plain",
                "optional": true,
                "computed": true
              },
              "storage_integrations": {
                "type": [
                  "list",
                  [
                    "object",
                    {
                      "comment": "string",
                      "enabled": "bool",
                      "name": "string",
                      "type": "string"
                    }
                  ]
                ],
                "description": "The storage integrations in the database",
                "description_kind": "plain",
                "computed": true
              }
            },
            "description_kind": "plain"
          }
        },
        "snowflake_streams": {
          "version": 0,
          "block": {
            "attributes": {
              "database": {
                "type": "string",
                "description": "The database from which to return the streams from.",
                "description_kind": "plain",
                "required": true
              },
              "id": {
                "type": "string",
                "description_kind": "plain",
                "optional": true,
                "computed": true
              },
              "schema": {
                "type": "string",
                "description": "The schema from which to return the streams from.",
                "description_kind": "plain",
                "required": true
              },
              "streams": {
                "type": [
                  "list",
                  [
                    "object",
                    {
                      "comment": "string",
                      "database": "string",
                      "name": "string",
                      "schema": "string",
                      "table": "string"
                    }
                  ]
                ],
                "description": "The streams in the schema",
                "description_kind": "plain",
                "computed": true
              }
            },
            "description_kind": "plain"
          }
        },
        "snowflake_system_generate_scim_access_token": {
          "version": 0,
          "block": {
            "attributes": {
              "access_token": {
                "type": "string",
                "description": "SCIM Access Token",
                "description_kind": "plain",
                "computed": true
              },
              "id": {
                "type": "string",
                "description_kind": "plain",
                "optional": true,
                "computed": true
              },
              "integration_name": {
                "type": "string",
                "description": "SCIM Integration Name",
                "description_kind": "plain",
                "required": true
              }
            },
            "description_kind": "plain"
          }
        },
        "snowflake_system_get_aws_sns_iam_policy": {
          "version": 0,
          "block": {
            "attributes": {
              "aws_sns_topic_arn": {
                "type": "string",
                "description": "Amazon Resource Name (ARN) of the SNS topic for your S3 bucket",
                "description_kind": "plain",
                "required": true
              },
              "aws_sns_topic_policy_json": {
                "type": "string",
                "description": "IAM policy for Snowflake’s SQS queue to subscribe to this topic",
                "description_kind": "plain",
                "computed": true
              },
              "id": {
                "type": "string",
                "description_kind": "plain",
                "optional": true,
                "computed": true
              }
            },
            "description_kind": "plain"
          }
        },
        "snowflake_system_get_privatelink_config": {
          "version": 0,
          "block": {
            "attributes": {
              "account_name": {
                "type": "string",
                "description": "The name of your Snowflake account.",
                "description_kind": "plain",
                "computed": true
              },
              "account_url": {
                "type": "string",
                "description": "The URL used to connect to Snowflake through AWS PrivateLink or Azure Private Link.",
                "description_kind": "plain",
                "computed": true
              },
              "aws_vpce_id": {
                "type": "string",
                "description": "The AWS VPCE ID for your account.",
                "description_kind": "plain",
                "computed": true
              },
              "azure_pls_id": {
                "type": "string",
                "description": "The Azure Private Link Service ID for your account.",
                "description_kind": "plain",
                "computed": true
              },
              "id": {
                "type": "string",
                "description_kind": "plain",
                "optional": true,
                "computed": true
              },
              "internal_stage": {
                "type": "string",
                "description": "The endpoint to connect to your Snowflake internal stage using AWS PrivateLink or Azure Private Link.",
                "description_kind": "plain",
                "computed": true
              },
              "ocsp_url": {
                "type": "string",
                "description": "The OCSP URL corresponding to your Snowflake account that uses AWS PrivateLink or Azure Private Link.",
                "description_kind": "plain",
                "computed": true
              },
              "regionless_account_url": {
                "type": "string",
                "description": "The regionless URL to connect to your Snowflake account using AWS PrivateLink, Azure Private Link, or Google Cloud Private Service Connect.",
                "description_kind": "plain",
                "computed": true
              },
              "regionless_snowsight_url": {
                "type": "string",
                "description": "The URL for your organization to access Snowsight using Private Connectivity to the Snowflake Service.",
                "description_kind": "plain",
                "computed": true
              },
              "snowsight_url": {
                "type": "string",
                "description": "The URL containing the cloud region to access Snowsight and the Snowflake Marketplace using Private Connectivity to the Snowflake Service.",
                "description_kind": "plain",
                "computed": true
              }
            },
            "description_kind": "plain"
          }
        },
        "snowflake_system_get_snowflake_platform_info": {
          "version": 0,
          "block": {
            "attributes": {
              "aws_vpc_ids": {
                "type": [
                  "list",
                  "string"
                ],
                "description": "Snowflake AWS Virtual Private Cloud IDs",
                "description_kind": "plain",
                "computed": true
              },
              "azure_vnet_subnet_ids": {
                "type": [
                  "list",
                  "string"
                ],
                "description": "Snowflake Azure Virtual Network Subnet IDs",
                "description_kind": "plain",
                "computed": true
              },
              "id": {
                "type": "string",
                "description_kind": "plain",
                "optional": true,
                "computed": true
              }
            },
            "description_kind": "plain"
          }
        },
        "snowflake_tables": {
          "version": 0,
          "block": {
            "attributes": {
              "database": {
                "type": "string",
                "description": "The database from which to return the schemas from.",
                "description_kind": "plain",
                "required": true
              },
              "id": {
                "type": "string",
                "description_kind": "plain",
                "optional": true,
                "computed": true
              },
              "schema": {
                "type": "string",
                "description": "The schema from which to return the tables from.",
                "description_kind": "plain",
                "required": true
              },
              "tables": {
                "type": [
                  "list",
                  [
                    "object",
                    {
                      "comment": "string",
                      "database": "string",
                      "name": "string",
                      "schema": "string"
                    }
                  ]
                ],
                "description": "The tables in the schema",
                "description_kind": "plain",
                "computed": true
              }
            },
            "description_kind": "plain"
          }
        },
        "snowflake_tasks": {
          "version": 0,
          "block": {
            "attributes": {
              "database": {
                "type": "string",
                "description": "The database from which to return the schemas from.",
                "description_kind": "plain",
                "required": true
              },
              "id": {
                "type": "string",
                "description_kind": "plain",
                "optional": true,
                "computed": true
              },
              "schema": {
                "type": "string",
                "description": "The schema from which to return the tasks from.",
                "description_kind": "plain",
                "required": true
              },
              "tasks": {
                "type": [
                  "list",
                  [
                    "object",
                    {
                      "comment": "string",
                      "database": "string",
                      "name": "string",
                      "schema": "string",
                      "warehouse": "string"
                    }
                  ]
                ],
                "description": "The tasks in the schema",
                "description_kind": "plain",
                "computed": true
              }
            },
            "description_kind": "plain"
          }
        },
        "snowflake_users": {
          "version": 0,
          "block": {
            "attributes": {
              "id": {
                "type": "string",
                "description_kind": "plain",
                "optional": true,
                "computed": true
              },
              "pattern": {
                "type": "string",
                "description": "Users pattern for which to return metadata. Please refer to LIKE keyword from snowflake documentation : https://docs.snowflake.com/en/sql-reference/sql/show-users.html#parameters",
                "description_kind": "plain",
                "required": true
              },
              "users": {
                "type": [
                  "list",
                  [
                    "object",
                    {
                      "comment": "string",
                      "default_namespace": "string",
                      "default_role": "string",
                      "default_secondary_roles": [
                        "set",
                        "string"
                      ],
                      "default_warehouse": "string",
                      "disabled": "bool",
                      "display_name": "string",
                      "email": "string",
                      "first_name": "string",
                      "has_rsa_public_key": "bool",
                      "last_name": "string",
                      "login_name": "string",
                      "name": "string"
                    }
                  ]
                ],
                "description": "The users in the database",
                "description_kind": "plain",
                "computed": true
              }
            },
            "description_kind": "plain"
          }
        },
        "snowflake_views": {
          "version": 0,
          "block": {
            "attributes": {
              "database": {
                "type": "string",
                "description": "The database from which to return the schemas from.",
                "description_kind": "plain",
                "required": true
              },
              "id": {
                "type": "string",
                "description_kind": "plain",
                "optional": true,
                "computed": true
              },
              "schema": {
                "type": "string",
                "description": "The schema from which to return the views from.",
                "description_kind": "plain",
                "required": true
              },
              "views": {
                "type": [
                  "list",
                  [
                    "object",
                    {
                      "comment": "string",
                      "database": "string",
                      "name": "string",
                      "schema": "string"
                    }
                  ]
                ],
                "description": "The views in the schema",
                "description_kind": "plain",
                "computed": true
              }
            },
            "description_kind": "plain"
          }
        },
        "snowflake_warehouses": {
          "version": 0,
          "block": {
            "attributes": {
              "id": {
                "type": "string",
                "description_kind": "plain",
                "optional": true,
                "computed": true
              },
              "warehouses": {
                "type": [
                  "list",
                  [
                    "object",
                    {
                      "comment": "string",
                      "name": "string",
                      "scaling_policy": "string",
                      "size": "string",
                      "state": "string",
                      "type": "string"
                    }
                  ]
                ],
                "description": "The warehouses in the database",
                "description_kind": "plain",
                "computed": true
              }
            },
            "description_kind": "plain"
          }
        }
      }
    }
  }
}
