{
  "format_version": "1.0",
  "provider_schemas": {
    "registry.terraform.io/spotinst/spotinst": {
      "provider": {
        "version": 0,
        "block": {
          "attributes": {
            "account": {
              "type": "string",
              "description": "Spotinst Account ID",
              "description_kind": "plain",
              "optional": true
            },
            "feature_flags": {
              "type": "string",
              "description": "Spotinst SDK Feature Flags",
              "description_kind": "plain",
              "optional": true
            },
            "token": {
              "type": "string",
              "description": "Spotinst Personal API Access Token",
              "description_kind": "plain",
              "optional": true
            }
          },
          "description_kind": "plain"
        }
      },
      "resource_schemas": {
        "spotinst_data_integration": {
          "version": 0,
          "block": {
            "attributes": {
              "id": {
                "type": "string",
                "description_kind": "plain",
                "optional": true,
                "computed": true
              },
              "name": {
                "type": "string",
                "description_kind": "plain",
                "required": true
              },
              "status": {
                "type": "string",
                "description_kind": "plain",
                "optional": true
              }
            },
            "block_types": {
              "s3": {
                "nesting_mode": "list",
                "block": {
                  "attributes": {
                    "bucket_name": {
                      "type": "string",
                      "description_kind": "plain",
                      "required": true
                    },
                    "subdir": {
                      "type": "string",
                      "description_kind": "plain",
                      "optional": true
                    }
                  },
                  "description_kind": "plain"
                },
                "max_items": 1
              }
            },
            "description_kind": "plain"
          }
        },
        "spotinst_elastigroup_aws": {
          "version": 0,
          "block": {
            "attributes": {
              "availability_zones": {
                "type": [
                  "list",
                  "string"
                ],
                "description_kind": "plain",
                "optional": true
              },
              "block_devices_mode": {
                "type": "string",
                "description_kind": "plain",
                "optional": true
              },
              "capacity_unit": {
                "type": "string",
                "description_kind": "plain",
                "optional": true,
                "computed": true
              },
              "consider_od_pricing": {
                "type": "bool",
                "description_kind": "plain",
                "optional": true
              },
              "cpu_credits": {
                "type": "string",
                "description_kind": "plain",
                "optional": true
              },
              "description": {
                "type": "string",
                "description_kind": "plain",
                "optional": true
              },
              "desired_capacity": {
                "type": "number",
                "description_kind": "plain",
                "optional": true
              },
              "draining_timeout": {
                "type": "number",
                "description_kind": "plain",
                "optional": true,
                "computed": true
              },
              "ebs_optimized": {
                "type": "bool",
                "description_kind": "plain",
                "optional": true,
                "computed": true
              },
              "elastic_ips": {
                "type": [
                  "list",
                  "string"
                ],
                "description_kind": "plain",
                "optional": true
              },
              "elastic_load_balancers": {
                "type": [
                  "list",
                  "string"
                ],
                "description_kind": "plain",
                "optional": true
              },
              "enable_monitoring": {
                "type": "bool",
                "description_kind": "plain",
                "optional": true
              },
              "fallback_to_ondemand": {
                "type": "bool",
                "description_kind": "plain",
                "required": true
              },
              "health_check_grace_period": {
                "type": "number",
                "description_kind": "plain",
                "optional": true
              },
              "health_check_type": {
                "type": "string",
                "description_kind": "plain",
                "optional": true
              },
              "health_check_unhealthy_duration_before_replacement": {
                "type": "number",
                "description_kind": "plain",
                "optional": true
              },
              "iam_instance_profile": {
                "type": "string",
                "description_kind": "plain",
                "optional": true
              },
              "id": {
                "type": "string",
                "description_kind": "plain",
                "optional": true,
                "computed": true
              },
              "image_id": {
                "type": "string",
                "description_kind": "plain",
                "optional": true
              },
              "immediate_od_recover_threshold": {
                "type": "number",
                "description_kind": "plain",
                "optional": true
              },
              "instance_types_ondemand": {
                "type": "string",
                "description_kind": "plain",
                "required": true
              },
              "instance_types_preferred_spot": {
                "type": [
                  "list",
                  "string"
                ],
                "description_kind": "plain",
                "optional": true
              },
              "instance_types_spot": {
                "type": [
                  "list",
                  "string"
                ],
                "description_kind": "plain",
                "required": true
              },
              "key_name": {
                "type": "string",
                "description_kind": "plain",
                "optional": true
              },
              "lifetime_period": {
                "type": "string",
                "description_kind": "plain",
                "optional": true
              },
              "max_size": {
                "type": "number",
                "description_kind": "plain",
                "optional": true,
                "computed": true
              },
              "min_size": {
                "type": "number",
                "description_kind": "plain",
                "optional": true,
                "computed": true
              },
              "minimum_instance_lifetime": {
                "type": "number",
                "description_kind": "plain",
                "optional": true
              },
              "name": {
                "type": "string",
                "description_kind": "plain",
                "required": true
              },
              "ondemand_count": {
                "type": "number",
                "description_kind": "plain",
                "optional": true
              },
              "orientation": {
                "type": "string",
                "description_kind": "plain",
                "required": true
              },
              "persist_block_devices": {
                "type": "bool",
                "description_kind": "plain",
                "optional": true
              },
              "persist_private_ip": {
                "type": "bool",
                "description_kind": "plain",
                "optional": true
              },
              "persist_root_device": {
                "type": "bool",
                "description_kind": "plain",
                "optional": true
              },
              "placement_tenancy": {
                "type": "string",
                "description_kind": "plain",
                "optional": true
              },
              "preferred_availability_zones": {
                "type": [
                  "list",
                  "string"
                ],
                "description_kind": "plain",
                "optional": true
              },
              "private_ips": {
                "type": [
                  "list",
                  "string"
                ],
                "description_kind": "plain",
                "optional": true
              },
              "product": {
                "type": "string",
                "description_kind": "plain",
                "required": true
              },
              "region": {
                "type": "string",
                "description_kind": "plain",
                "optional": true
              },
              "security_groups": {
                "type": [
                  "list",
                  "string"
                ],
                "description_kind": "plain",
                "required": true
              },
              "shutdown_script": {
                "type": "string",
                "description_kind": "plain",
                "optional": true
              },
              "spot_percentage": {
                "type": "number",
                "description_kind": "plain",
                "optional": true
              },
              "subnet_ids": {
                "type": [
                  "list",
                  "string"
                ],
                "description_kind": "plain",
                "optional": true
              },
              "target_group_arns": {
                "type": [
                  "list",
                  "string"
                ],
                "description_kind": "plain",
                "optional": true
              },
              "user_data": {
                "type": "string",
                "description_kind": "plain",
                "optional": true
              },
              "utilize_commitments": {
                "type": "bool",
                "description_kind": "plain",
                "optional": true
              },
              "utilize_reserved_instances": {
                "type": "bool",
                "description_kind": "plain",
                "optional": true
              },
              "wait_for_capacity": {
                "type": "number",
                "description_kind": "plain",
                "optional": true
              },
              "wait_for_capacity_timeout": {
                "type": "number",
                "description_kind": "plain",
                "optional": true
              }
            },
            "block_types": {
              "cpu_options": {
                "nesting_mode": "list",
                "block": {
                  "attributes": {
                    "threads_per_core": {
                      "type": "number",
                      "description_kind": "plain",
                      "required": true
                    }
                  },
                  "description_kind": "plain"
                },
                "max_items": 1
              },
              "ebs_block_device": {
                "nesting_mode": "set",
                "block": {
                  "attributes": {
                    "delete_on_termination": {
                      "type": "bool",
                      "description_kind": "plain",
                      "optional": true,
                      "computed": true
                    },
                    "device_name": {
                      "type": "string",
                      "description_kind": "plain",
                      "required": true
                    },
                    "encrypted": {
                      "type": "bool",
                      "description_kind": "plain",
                      "optional": true,
                      "computed": true
                    },
                    "iops": {
                      "type": "number",
                      "description_kind": "plain",
                      "optional": true
                    },
                    "kms_key_id": {
                      "type": "string",
                      "description_kind": "plain",
                      "optional": true
                    },
                    "snapshot_id": {
                      "type": "string",
                      "description_kind": "plain",
                      "optional": true
                    },
                    "throughput": {
                      "type": "number",
                      "description_kind": "plain",
                      "optional": true
                    },
                    "volume_size": {
                      "type": "number",
                      "description_kind": "plain",
                      "optional": true
                    },
                    "volume_type": {
                      "type": "string",
                      "description_kind": "plain",
                      "optional": true,
                      "computed": true
                    }
                  },
                  "description_kind": "plain"
                }
              },
              "ephemeral_block_device": {
                "nesting_mode": "set",
                "block": {
                  "attributes": {
                    "device_name": {
                      "type": "string",
                      "description_kind": "plain",
                      "required": true
                    },
                    "virtual_name": {
                      "type": "string",
                      "description_kind": "plain",
                      "required": true
                    }
                  },
                  "description_kind": "plain"
                }
              },
              "images": {
                "nesting_mode": "list",
                "block": {
                  "block_types": {
                    "image": {
                      "nesting_mode": "set",
                      "block": {
                        "attributes": {
                          "id": {
                            "type": "string",
                            "description_kind": "plain",
                            "required": true
                          }
                        },
                        "description_kind": "plain"
                      },
                      "min_items": 1
                    }
                  },
                  "description_kind": "plain"
                }
              },
              "instance_types_weights": {
                "nesting_mode": "set",
                "block": {
                  "attributes": {
                    "instance_type": {
                      "type": "string",
                      "description_kind": "plain",
                      "required": true
                    },
                    "weight": {
                      "type": "number",
                      "description_kind": "plain",
                      "required": true
                    }
                  },
                  "description_kind": "plain"
                }
              },
              "integration_beanstalk": {
                "nesting_mode": "list",
                "block": {
                  "attributes": {
                    "environment_id": {
                      "type": "string",
                      "description_kind": "plain",
                      "optional": true
                    }
                  },
                  "block_types": {
                    "deployment_preferences": {
                      "nesting_mode": "list",
                      "block": {
                        "attributes": {
                          "automatic_roll": {
                            "type": "bool",
                            "description_kind": "plain",
                            "optional": true
                          },
                          "batch_size_percentage": {
                            "type": "number",
                            "description_kind": "plain",
                            "optional": true
                          },
                          "grace_period": {
                            "type": "number",
                            "description_kind": "plain",
                            "optional": true
                          }
                        },
                        "block_types": {
                          "strategy": {
                            "nesting_mode": "list",
                            "block": {
                              "attributes": {
                                "action": {
                                  "type": "string",
                                  "description_kind": "plain",
                                  "optional": true
                                },
                                "should_drain_instances": {
                                  "type": "bool",
                                  "description_kind": "plain",
                                  "optional": true
                                }
                              },
                              "description_kind": "plain"
                            },
                            "max_items": 1
                          }
                        },
                        "description_kind": "plain"
                      },
                      "max_items": 1
                    },
                    "managed_actions": {
                      "nesting_mode": "list",
                      "block": {
                        "block_types": {
                          "platform_update": {
                            "nesting_mode": "list",
                            "block": {
                              "attributes": {
                                "perform_at": {
                                  "type": "string",
                                  "description_kind": "plain",
                                  "optional": true
                                },
                                "time_window": {
                                  "type": "string",
                                  "description_kind": "plain",
                                  "optional": true
                                },
                                "update_level": {
                                  "type": "string",
                                  "description_kind": "plain",
                                  "optional": true
                                }
                              },
                              "description_kind": "plain"
                            },
                            "max_items": 1
                          }
                        },
                        "description_kind": "plain"
                      },
                      "max_items": 1
                    }
                  },
                  "description_kind": "plain"
                },
                "max_items": 1
              },
              "integration_codedeploy": {
                "nesting_mode": "list",
                "block": {
                  "attributes": {
                    "cleanup_on_failure": {
                      "type": "bool",
                      "description_kind": "plain",
                      "required": true
                    },
                    "terminate_instance_on_failure": {
                      "type": "bool",
                      "description_kind": "plain",
                      "required": true
                    }
                  },
                  "block_types": {
                    "deployment_groups": {
                      "nesting_mode": "set",
                      "block": {
                        "attributes": {
                          "application_name": {
                            "type": "string",
                            "description_kind": "plain",
                            "required": true
                          },
                          "deployment_group_name": {
                            "type": "string",
                            "description_kind": "plain",
                            "required": true
                          }
                        },
                        "description_kind": "plain"
                      },
                      "min_items": 1
                    }
                  },
                  "description_kind": "plain"
                },
                "max_items": 1
              },
              "integration_docker_swarm": {
                "nesting_mode": "list",
                "block": {
                  "attributes": {
                    "autoscale_cooldown": {
                      "type": "number",
                      "description_kind": "plain",
                      "optional": true
                    },
                    "autoscale_is_enabled": {
                      "type": "bool",
                      "description_kind": "plain",
                      "optional": true
                    },
                    "master_host": {
                      "type": "string",
                      "description_kind": "plain",
                      "required": true
                    },
                    "master_port": {
                      "type": "number",
                      "description_kind": "plain",
                      "required": true
                    }
                  },
                  "block_types": {
                    "autoscale_down": {
                      "nesting_mode": "list",
                      "block": {
                        "attributes": {
                          "evaluation_periods": {
                            "type": "number",
                            "description_kind": "plain",
                            "optional": true
                          },
                          "max_scale_down_percentage": {
                            "type": "number",
                            "description_kind": "plain",
                            "optional": true
                          }
                        },
                        "description_kind": "plain"
                      },
                      "max_items": 1
                    },
                    "autoscale_headroom": {
                      "nesting_mode": "list",
                      "block": {
                        "attributes": {
                          "cpu_per_unit": {
                            "type": "number",
                            "description_kind": "plain",
                            "optional": true
                          },
                          "memory_per_unit": {
                            "type": "number",
                            "description_kind": "plain",
                            "optional": true
                          },
                          "num_of_units": {
                            "type": "number",
                            "description_kind": "plain",
                            "optional": true
                          }
                        },
                        "description_kind": "plain"
                      },
                      "max_items": 1
                    }
                  },
                  "description_kind": "plain"
                },
                "max_items": 1
              },
              "integration_ecs": {
                "nesting_mode": "list",
                "block": {
                  "attributes": {
                    "autoscale_cooldown": {
                      "type": "number",
                      "description_kind": "plain",
                      "optional": true
                    },
                    "autoscale_is_auto_config": {
                      "type": "bool",
                      "description_kind": "plain",
                      "optional": true
                    },
                    "autoscale_is_enabled": {
                      "type": "bool",
                      "description_kind": "plain",
                      "optional": true
                    },
                    "autoscale_scale_down_non_service_tasks": {
                      "type": "bool",
                      "description_kind": "plain",
                      "optional": true
                    },
                    "cluster_name": {
                      "type": "string",
                      "description_kind": "plain",
                      "required": true
                    }
                  },
                  "block_types": {
                    "autoscale_attributes": {
                      "nesting_mode": "set",
                      "block": {
                        "attributes": {
                          "key": {
                            "type": "string",
                            "description_kind": "plain",
                            "required": true
                          },
                          "value": {
                            "type": "string",
                            "description_kind": "plain",
                            "required": true
                          }
                        },
                        "description_kind": "plain"
                      }
                    },
                    "autoscale_down": {
                      "nesting_mode": "list",
                      "block": {
                        "attributes": {
                          "evaluation_periods": {
                            "type": "number",
                            "description_kind": "plain",
                            "optional": true
                          },
                          "max_scale_down_percentage": {
                            "type": "number",
                            "description_kind": "plain",
                            "optional": true
                          }
                        },
                        "description_kind": "plain"
                      },
                      "max_items": 1
                    },
                    "autoscale_headroom": {
                      "nesting_mode": "list",
                      "block": {
                        "attributes": {
                          "cpu_per_unit": {
                            "type": "number",
                            "description_kind": "plain",
                            "optional": true
                          },
                          "memory_per_unit": {
                            "type": "number",
                            "description_kind": "plain",
                            "optional": true
                          },
                          "num_of_units": {
                            "type": "number",
                            "description_kind": "plain",
                            "optional": true
                          }
                        },
                        "description_kind": "plain"
                      },
                      "max_items": 1
                    },
                    "batch": {
                      "nesting_mode": "list",
                      "block": {
                        "attributes": {
                          "job_queue_names": {
                            "type": [
                              "list",
                              "string"
                            ],
                            "description_kind": "plain",
                            "required": true
                          }
                        },
                        "description_kind": "plain"
                      },
                      "max_items": 1
                    }
                  },
                  "description_kind": "plain"
                },
                "max_items": 1
              },
              "integration_gitlab": {
                "nesting_mode": "list",
                "block": {
                  "block_types": {
                    "runner": {
                      "nesting_mode": "list",
                      "block": {
                        "attributes": {
                          "is_enabled": {
                            "type": "bool",
                            "description_kind": "plain",
                            "optional": true
                          }
                        },
                        "description_kind": "plain"
                      },
                      "max_items": 1
                    }
                  },
                  "description_kind": "plain"
                },
                "max_items": 1
              },
              "integration_kubernetes": {
                "nesting_mode": "list",
                "block": {
                  "attributes": {
                    "api_server": {
                      "type": "string",
                      "description_kind": "plain",
                      "optional": true
                    },
                    "autoscale_cooldown": {
                      "type": "number",
                      "description_kind": "plain",
                      "optional": true
                    },
                    "autoscale_is_auto_config": {
                      "type": "bool",
                      "description_kind": "plain",
                      "optional": true
                    },
                    "autoscale_is_enabled": {
                      "type": "bool",
                      "description_kind": "plain",
                      "optional": true
                    },
                    "cluster_identifier": {
                      "type": "string",
                      "description_kind": "plain",
                      "optional": true
                    },
                    "integration_mode": {
                      "type": "string",
                      "description_kind": "plain",
                      "optional": true
                    },
                    "token": {
                      "type": "string",
                      "description_kind": "plain",
                      "optional": true
                    }
                  },
                  "block_types": {
                    "autoscale_down": {
                      "nesting_mode": "list",
                      "block": {
                        "attributes": {
                          "evaluation_periods": {
                            "type": "number",
                            "description_kind": "plain",
                            "optional": true
                          }
                        },
                        "description_kind": "plain"
                      },
                      "max_items": 1
                    },
                    "autoscale_headroom": {
                      "nesting_mode": "list",
                      "block": {
                        "attributes": {
                          "cpu_per_unit": {
                            "type": "number",
                            "description_kind": "plain",
                            "optional": true
                          },
                          "memory_per_unit": {
                            "type": "number",
                            "description_kind": "plain",
                            "optional": true
                          },
                          "num_of_units": {
                            "type": "number",
                            "description_kind": "plain",
                            "optional": true
                          }
                        },
                        "description_kind": "plain"
                      },
                      "max_items": 1
                    },
                    "autoscale_labels": {
                      "nesting_mode": "set",
                      "block": {
                        "attributes": {
                          "key": {
                            "type": "string",
                            "description_kind": "plain",
                            "required": true
                          },
                          "value": {
                            "type": "string",
                            "description_kind": "plain",
                            "required": true
                          }
                        },
                        "description_kind": "plain"
                      }
                    }
                  },
                  "description_kind": "plain"
                },
                "max_items": 1
              },
              "integration_mesosphere": {
                "nesting_mode": "list",
                "block": {
                  "attributes": {
                    "api_server": {
                      "type": "string",
                      "description_kind": "plain",
                      "required": true
                    }
                  },
                  "description_kind": "plain"
                },
                "max_items": 1
              },
              "integration_multai_runtime": {
                "nesting_mode": "list",
                "block": {
                  "attributes": {
                    "deployment_id": {
                      "type": "string",
                      "description_kind": "plain",
                      "required": true
                    }
                  },
                  "description_kind": "plain"
                },
                "max_items": 1
              },
              "integration_nomad": {
                "nesting_mode": "list",
                "block": {
                  "attributes": {
                    "acl_token": {
                      "type": "string",
                      "description_kind": "plain",
                      "optional": true
                    },
                    "autoscale_cooldown": {
                      "type": "number",
                      "description_kind": "plain",
                      "optional": true
                    },
                    "autoscale_is_enabled": {
                      "type": "bool",
                      "description_kind": "plain",
                      "optional": true
                    },
                    "master_host": {
                      "type": "string",
                      "description_kind": "plain",
                      "required": true
                    },
                    "master_port": {
                      "type": "number",
                      "description_kind": "plain",
                      "required": true
                    }
                  },
                  "block_types": {
                    "autoscale_constraints": {
                      "nesting_mode": "set",
                      "block": {
                        "attributes": {
                          "key": {
                            "type": "string",
                            "description_kind": "plain",
                            "required": true
                          },
                          "value": {
                            "type": "string",
                            "description_kind": "plain",
                            "required": true
                          }
                        },
                        "description_kind": "plain"
                      }
                    },
                    "autoscale_down": {
                      "nesting_mode": "list",
                      "block": {
                        "attributes": {
                          "evaluation_periods": {
                            "type": "number",
                            "description_kind": "plain",
                            "optional": true
                          }
                        },
                        "description_kind": "plain"
                      },
                      "max_items": 1
                    },
                    "autoscale_headroom": {
                      "nesting_mode": "list",
                      "block": {
                        "attributes": {
                          "cpu_per_unit": {
                            "type": "number",
                            "description_kind": "plain",
                            "optional": true
                          },
                          "memory_per_unit": {
                            "type": "number",
                            "description_kind": "plain",
                            "optional": true
                          },
                          "num_of_units": {
                            "type": "number",
                            "description_kind": "plain",
                            "optional": true
                          }
                        },
                        "description_kind": "plain"
                      },
                      "max_items": 1
                    }
                  },
                  "description_kind": "plain"
                },
                "max_items": 1
              },
              "integration_rancher": {
                "nesting_mode": "list",
                "block": {
                  "attributes": {
                    "access_key": {
                      "type": "string",
                      "description_kind": "plain",
                      "required": true
                    },
                    "master_host": {
                      "type": "string",
                      "description_kind": "plain",
                      "required": true
                    },
                    "secret_key": {
                      "type": "string",
                      "description_kind": "plain",
                      "required": true
                    },
                    "version": {
                      "type": "string",
                      "description_kind": "plain",
                      "optional": true
                    }
                  },
                  "description_kind": "plain"
                },
                "max_items": 1
              },
              "integration_route53": {
                "nesting_mode": "list",
                "block": {
                  "block_types": {
                    "domains": {
                      "nesting_mode": "set",
                      "block": {
                        "attributes": {
                          "hosted_zone_id": {
                            "type": "string",
                            "description_kind": "plain",
                            "required": true
                          },
                          "record_set_type": {
                            "type": "string",
                            "description_kind": "plain",
                            "optional": true
                          },
                          "spotinst_acct_id": {
                            "type": "string",
                            "description_kind": "plain",
                            "optional": true
                          }
                        },
                        "block_types": {
                          "record_sets": {
                            "nesting_mode": "set",
                            "block": {
                              "attributes": {
                                "name": {
                                  "type": "string",
                                  "description_kind": "plain",
                                  "required": true
                                },
                                "use_public_dns": {
                                  "type": "bool",
                                  "description_kind": "plain",
                                  "optional": true
                                },
                                "use_public_ip": {
                                  "type": "bool",
                                  "description_kind": "plain",
                                  "optional": true
                                }
                              },
                              "description_kind": "plain"
                            },
                            "min_items": 1
                          }
                        },
                        "description_kind": "plain"
                      },
                      "min_items": 1
                    }
                  },
                  "description_kind": "plain"
                },
                "max_items": 1
              },
              "itf": {
                "nesting_mode": "list",
                "block": {
                  "attributes": {
                    "fixed_target_groups": {
                      "type": "bool",
                      "description_kind": "plain",
                      "required": true
                    },
                    "migration_healthiness_threshold": {
                      "type": "number",
                      "description_kind": "plain",
                      "optional": true
                    },
                    "weight_strategy": {
                      "type": "string",
                      "description_kind": "plain",
                      "required": true
                    }
                  },
                  "block_types": {
                    "default_static_target_group": {
                      "nesting_mode": "list",
                      "block": {
                        "attributes": {
                          "arn": {
                            "type": "string",
                            "description_kind": "plain",
                            "required": true
                          },
                          "percentage": {
                            "type": "number",
                            "description_kind": "plain",
                            "required": true
                          }
                        },
                        "description_kind": "plain"
                      },
                      "max_items": 1
                    },
                    "load_balancer": {
                      "nesting_mode": "set",
                      "block": {
                        "attributes": {
                          "load_balancer_arn": {
                            "type": "string",
                            "description_kind": "plain",
                            "required": true
                          }
                        },
                        "block_types": {
                          "listener_rule": {
                            "nesting_mode": "set",
                            "block": {
                              "attributes": {
                                "rule_arn": {
                                  "type": "string",
                                  "description_kind": "plain",
                                  "required": true
                                }
                              },
                              "block_types": {
                                "static_target_group": {
                                  "nesting_mode": "list",
                                  "block": {
                                    "attributes": {
                                      "arn": {
                                        "type": "string",
                                        "description_kind": "plain",
                                        "required": true
                                      },
                                      "percentage": {
                                        "type": "number",
                                        "description_kind": "plain",
                                        "required": true
                                      }
                                    },
                                    "description_kind": "plain"
                                  },
                                  "max_items": 1
                                }
                              },
                              "description_kind": "plain"
                            },
                            "min_items": 1
                          }
                        },
                        "description_kind": "plain"
                      },
                      "min_items": 1
                    },
                    "target_group_config": {
                      "nesting_mode": "list",
                      "block": {
                        "attributes": {
                          "health_check_interval_seconds": {
                            "type": "number",
                            "description_kind": "plain",
                            "optional": true
                          },
                          "health_check_path": {
                            "type": "string",
                            "description_kind": "plain",
                            "required": true
                          },
                          "health_check_port": {
                            "type": "string",
                            "description_kind": "plain",
                            "optional": true
                          },
                          "health_check_protocol": {
                            "type": "string",
                            "description_kind": "plain",
                            "optional": true
                          },
                          "health_check_timeout_seconds": {
                            "type": "number",
                            "description_kind": "plain",
                            "optional": true
                          },
                          "healthy_threshold_count": {
                            "type": "number",
                            "description_kind": "plain",
                            "optional": true
                          },
                          "port": {
                            "type": "number",
                            "description_kind": "plain",
                            "required": true
                          },
                          "protocol": {
                            "type": "string",
                            "description_kind": "plain",
                            "required": true
                          },
                          "protocol_version": {
                            "type": "string",
                            "description_kind": "plain",
                            "optional": true
                          },
                          "unhealthy_threshold_count": {
                            "type": "number",
                            "description_kind": "plain",
                            "optional": true
                          },
                          "vpc_id": {
                            "type": "string",
                            "description_kind": "plain",
                            "required": true
                          }
                        },
                        "block_types": {
                          "matcher": {
                            "nesting_mode": "list",
                            "block": {
                              "attributes": {
                                "grpc_code": {
                                  "type": "string",
                                  "description_kind": "plain",
                                  "optional": true
                                },
                                "http_code": {
                                  "type": "string",
                                  "description_kind": "plain",
                                  "optional": true
                                }
                              },
                              "description_kind": "plain"
                            }
                          },
                          "tags": {
                            "nesting_mode": "set",
                            "block": {
                              "attributes": {
                                "tag_key": {
                                  "type": "string",
                                  "description_kind": "plain",
                                  "required": true
                                },
                                "tag_value": {
                                  "type": "string",
                                  "description_kind": "plain",
                                  "optional": true
                                }
                              },
                              "description_kind": "plain"
                            }
                          }
                        },
                        "description_kind": "plain"
                      },
                      "min_items": 1
                    }
                  },
                  "description_kind": "plain"
                }
              },
              "metadata_options": {
                "nesting_mode": "list",
                "block": {
                  "attributes": {
                    "http_put_response_hop_limit": {
                      "type": "number",
                      "description_kind": "plain",
                      "optional": true
                    },
                    "http_tokens": {
                      "type": "string",
                      "description_kind": "plain",
                      "required": true
                    },
                    "instance_metadata_tags": {
                      "type": "string",
                      "description_kind": "plain",
                      "optional": true
                    }
                  },
                  "description_kind": "plain"
                },
                "max_items": 1
              },
              "multai_target_sets": {
                "nesting_mode": "set",
                "block": {
                  "attributes": {
                    "balancer_id": {
                      "type": "string",
                      "description_kind": "plain",
                      "required": true
                    },
                    "target_set_id": {
                      "type": "string",
                      "description_kind": "plain",
                      "required": true
                    }
                  },
                  "description_kind": "plain"
                }
              },
              "multiple_metrics": {
                "nesting_mode": "set",
                "block": {
                  "block_types": {
                    "expressions": {
                      "nesting_mode": "set",
                      "block": {
                        "attributes": {
                          "expression": {
                            "type": "string",
                            "description_kind": "plain",
                            "required": true
                          },
                          "name": {
                            "type": "string",
                            "description_kind": "plain",
                            "required": true
                          }
                        },
                        "description_kind": "plain"
                      }
                    },
                    "metrics": {
                      "nesting_mode": "set",
                      "block": {
                        "attributes": {
                          "extended_statistic": {
                            "type": "string",
                            "description_kind": "plain",
                            "optional": true
                          },
                          "metric_name": {
                            "type": "string",
                            "description_kind": "plain",
                            "required": true
                          },
                          "name": {
                            "type": "string",
                            "description_kind": "plain",
                            "required": true
                          },
                          "namespace": {
                            "type": "string",
                            "description_kind": "plain",
                            "required": true
                          },
                          "statistic": {
                            "type": "string",
                            "description_kind": "plain",
                            "optional": true
                          },
                          "unit": {
                            "type": "string",
                            "description_kind": "plain",
                            "optional": true
                          }
                        },
                        "block_types": {
                          "dimensions": {
                            "nesting_mode": "list",
                            "block": {
                              "attributes": {
                                "name": {
                                  "type": "string",
                                  "description_kind": "plain",
                                  "required": true
                                },
                                "value": {
                                  "type": "string",
                                  "description_kind": "plain",
                                  "optional": true
                                }
                              },
                              "description_kind": "plain"
                            }
                          }
                        },
                        "description_kind": "plain"
                      }
                    }
                  },
                  "description_kind": "plain"
                },
                "max_items": 1
              },
              "network_interface": {
                "nesting_mode": "set",
                "block": {
                  "attributes": {
                    "associate_ipv6_address": {
                      "type": "bool",
                      "description_kind": "plain",
                      "optional": true
                    },
                    "associate_public_ip_address": {
                      "type": "bool",
                      "description_kind": "plain",
                      "optional": true
                    },
                    "delete_on_termination": {
                      "type": "bool",
                      "description_kind": "plain",
                      "optional": true,
                      "computed": true
                    },
                    "description": {
                      "type": "string",
                      "description_kind": "plain",
                      "optional": true
                    },
                    "device_index": {
                      "type": "string",
                      "description_kind": "plain",
                      "required": true
                    },
                    "network_interface_id": {
                      "type": "string",
                      "description_kind": "plain",
                      "optional": true
                    },
                    "private_ip_address": {
                      "type": "string",
                      "description_kind": "plain",
                      "optional": true
                    },
                    "secondary_private_ip_address_count": {
                      "type": "string",
                      "description_kind": "plain",
                      "optional": true
                    }
                  },
                  "description_kind": "plain"
                }
              },
              "resource_tag_specification": {
                "nesting_mode": "list",
                "block": {
                  "attributes": {
                    "should_tag_amis": {
                      "type": "bool",
                      "description_kind": "plain",
                      "optional": true
                    },
                    "should_tag_enis": {
                      "type": "bool",
                      "description_kind": "plain",
                      "optional": true
                    },
                    "should_tag_snapshots": {
                      "type": "bool",
                      "description_kind": "plain",
                      "optional": true
                    },
                    "should_tag_volumes": {
                      "type": "bool",
                      "description_kind": "plain",
                      "optional": true
                    }
                  },
                  "description_kind": "plain"
                }
              },
              "revert_to_spot": {
                "nesting_mode": "list",
                "block": {
                  "attributes": {
                    "perform_at": {
                      "type": "string",
                      "description_kind": "plain",
                      "required": true
                    },
                    "time_windows": {
                      "type": [
                        "list",
                        "string"
                      ],
                      "description_kind": "plain",
                      "optional": true
                    }
                  },
                  "description_kind": "plain"
                },
                "max_items": 1
              },
              "scaling_down_policy": {
                "nesting_mode": "set",
                "block": {
                  "attributes": {
                    "action_type": {
                      "type": "string",
                      "description_kind": "plain",
                      "optional": true
                    },
                    "adjustment": {
                      "type": "string",
                      "description_kind": "plain",
                      "optional": true
                    },
                    "cooldown": {
                      "type": "number",
                      "description_kind": "plain",
                      "optional": true
                    },
                    "evaluation_periods": {
                      "type": "number",
                      "description_kind": "plain",
                      "optional": true,
                      "computed": true
                    },
                    "is_enabled": {
                      "type": "bool",
                      "description_kind": "plain",
                      "optional": true
                    },
                    "max_target_capacity": {
                      "type": "string",
                      "description_kind": "plain",
                      "optional": true
                    },
                    "maximum": {
                      "type": "string",
                      "description_kind": "plain",
                      "optional": true
                    },
                    "metric_name": {
                      "type": "string",
                      "description_kind": "plain",
                      "required": true
                    },
                    "min_target_capacity": {
                      "type": "string",
                      "description_kind": "plain",
                      "optional": true
                    },
                    "minimum": {
                      "type": "string",
                      "description_kind": "plain",
                      "optional": true
                    },
                    "namespace": {
                      "type": "string",
                      "description_kind": "plain",
                      "required": true
                    },
                    "operator": {
                      "type": "string",
                      "description_kind": "plain",
                      "optional": true,
                      "computed": true
                    },
                    "period": {
                      "type": "number",
                      "description_kind": "plain",
                      "optional": true,
                      "computed": true
                    },
                    "policy_name": {
                      "type": "string",
                      "description_kind": "plain",
                      "required": true
                    },
                    "source": {
                      "type": "string",
                      "description_kind": "plain",
                      "optional": true,
                      "computed": true
                    },
                    "statistic": {
                      "type": "string",
                      "description_kind": "plain",
                      "optional": true
                    },
                    "target": {
                      "type": "string",
                      "description_kind": "plain",
                      "optional": true
                    },
                    "threshold": {
                      "type": "number",
                      "description_kind": "plain",
                      "optional": true
                    },
                    "unit": {
                      "type": "string",
                      "description_kind": "plain",
                      "optional": true
                    }
                  },
                  "block_types": {
                    "dimensions": {
                      "nesting_mode": "list",
                      "block": {
                        "attributes": {
                          "name": {
                            "type": "string",
                            "description_kind": "plain",
                            "required": true
                          },
                          "value": {
                            "type": "string",
                            "description_kind": "plain",
                            "optional": true
                          }
                        },
                        "description_kind": "plain"
                      }
                    },
                    "step_adjustments": {
                      "nesting_mode": "set",
                      "block": {
                        "attributes": {
                          "threshold": {
                            "type": "number",
                            "description_kind": "plain",
                            "required": true
                          }
                        },
                        "block_types": {
                          "action": {
                            "nesting_mode": "set",
                            "block": {
                              "attributes": {
                                "adjustment": {
                                  "type": "string",
                                  "description_kind": "plain",
                                  "optional": true
                                },
                                "max_target_capacity": {
                                  "type": "string",
                                  "description_kind": "plain",
                                  "optional": true
                                },
                                "maximum": {
                                  "type": "string",
                                  "description_kind": "plain",
                                  "optional": true
                                },
                                "min_target_capacity": {
                                  "type": "string",
                                  "description_kind": "plain",
                                  "optional": true
                                },
                                "minimum": {
                                  "type": "string",
                                  "description_kind": "plain",
                                  "optional": true
                                },
                                "target": {
                                  "type": "string",
                                  "description_kind": "plain",
                                  "optional": true
                                },
                                "type": {
                                  "type": "string",
                                  "description_kind": "plain",
                                  "required": true
                                }
                              },
                              "description_kind": "plain"
                            },
                            "min_items": 1,
                            "max_items": 1
                          }
                        },
                        "description_kind": "plain"
                      }
                    }
                  },
                  "description_kind": "plain"
                }
              },
              "scaling_strategy": {
                "nesting_mode": "list",
                "block": {
                  "attributes": {
                    "terminate_at_end_of_billing_hour": {
                      "type": "bool",
                      "description_kind": "plain",
                      "optional": true
                    },
                    "termination_policy": {
                      "type": "string",
                      "description_kind": "plain",
                      "optional": true
                    }
                  },
                  "description_kind": "plain"
                }
              },
              "scaling_target_policy": {
                "nesting_mode": "set",
                "block": {
                  "attributes": {
                    "cooldown": {
                      "type": "number",
                      "description_kind": "plain",
                      "optional": true
                    },
                    "evaluation_periods": {
                      "type": "number",
                      "description_kind": "plain",
                      "optional": true
                    },
                    "max_capacity_per_scale": {
                      "type": "string",
                      "description_kind": "plain",
                      "optional": true
                    },
                    "metric_name": {
                      "type": "string",
                      "description_kind": "plain",
                      "required": true
                    },
                    "namespace": {
                      "type": "string",
                      "description_kind": "plain",
                      "required": true
                    },
                    "period": {
                      "type": "number",
                      "description_kind": "plain",
                      "optional": true
                    },
                    "policy_name": {
                      "type": "string",
                      "description_kind": "plain",
                      "required": true
                    },
                    "predictive_mode": {
                      "type": "string",
                      "description_kind": "plain",
                      "optional": true
                    },
                    "source": {
                      "type": "string",
                      "description_kind": "plain",
                      "optional": true,
                      "computed": true
                    },
                    "statistic": {
                      "type": "string",
                      "description_kind": "plain",
                      "optional": true
                    },
                    "target": {
                      "type": "number",
                      "description_kind": "plain",
                      "required": true
                    },
                    "unit": {
                      "type": "string",
                      "description_kind": "plain",
                      "optional": true
                    }
                  },
                  "block_types": {
                    "dimensions": {
                      "nesting_mode": "list",
                      "block": {
                        "attributes": {
                          "name": {
                            "type": "string",
                            "description_kind": "plain",
                            "required": true
                          },
                          "value": {
                            "type": "string",
                            "description_kind": "plain",
                            "optional": true
                          }
                        },
                        "description_kind": "plain"
                      }
                    }
                  },
                  "description_kind": "plain"
                }
              },
              "scaling_up_policy": {
                "nesting_mode": "set",
                "block": {
                  "attributes": {
                    "action_type": {
                      "type": "string",
                      "description_kind": "plain",
                      "optional": true
                    },
                    "adjustment": {
                      "type": "string",
                      "description_kind": "plain",
                      "optional": true
                    },
                    "cooldown": {
                      "type": "number",
                      "description_kind": "plain",
                      "optional": true
                    },
                    "evaluation_periods": {
                      "type": "number",
                      "description_kind": "plain",
                      "optional": true,
                      "computed": true
                    },
                    "is_enabled": {
                      "type": "bool",
                      "description_kind": "plain",
                      "optional": true
                    },
                    "max_target_capacity": {
                      "type": "string",
                      "description_kind": "plain",
                      "optional": true
                    },
                    "maximum": {
                      "type": "string",
                      "description_kind": "plain",
                      "optional": true
                    },
                    "metric_name": {
                      "type": "string",
                      "description_kind": "plain",
                      "required": true
                    },
                    "min_target_capacity": {
                      "type": "string",
                      "description_kind": "plain",
                      "optional": true
                    },
                    "minimum": {
                      "type": "string",
                      "description_kind": "plain",
                      "optional": true
                    },
                    "namespace": {
                      "type": "string",
                      "description_kind": "plain",
                      "required": true
                    },
                    "operator": {
                      "type": "string",
                      "description_kind": "plain",
                      "optional": true,
                      "computed": true
                    },
                    "period": {
                      "type": "number",
                      "description_kind": "plain",
                      "optional": true,
                      "computed": true
                    },
                    "policy_name": {
                      "type": "string",
                      "description_kind": "plain",
                      "required": true
                    },
                    "source": {
                      "type": "string",
                      "description_kind": "plain",
                      "optional": true,
                      "computed": true
                    },
                    "statistic": {
                      "type": "string",
                      "description_kind": "plain",
                      "optional": true
                    },
                    "target": {
                      "type": "string",
                      "description_kind": "plain",
                      "optional": true
                    },
                    "threshold": {
                      "type": "number",
                      "description_kind": "plain",
                      "optional": true
                    },
                    "unit": {
                      "type": "string",
                      "description_kind": "plain",
                      "optional": true
                    }
                  },
                  "block_types": {
                    "dimensions": {
                      "nesting_mode": "list",
                      "block": {
                        "attributes": {
                          "name": {
                            "type": "string",
                            "description_kind": "plain",
                            "required": true
                          },
                          "value": {
                            "type": "string",
                            "description_kind": "plain",
                            "optional": true
                          }
                        },
                        "description_kind": "plain"
                      }
                    },
                    "step_adjustments": {
                      "nesting_mode": "set",
                      "block": {
                        "attributes": {
                          "threshold": {
                            "type": "number",
                            "description_kind": "plain",
                            "required": true
                          }
                        },
                        "block_types": {
                          "action": {
                            "nesting_mode": "set",
                            "block": {
                              "attributes": {
                                "adjustment": {
                                  "type": "string",
                                  "description_kind": "plain",
                                  "optional": true
                                },
                                "max_target_capacity": {
                                  "type": "string",
                                  "description_kind": "plain",
                                  "optional": true
                                },
                                "maximum": {
                                  "type": "string",
                                  "description_kind": "plain",
                                  "optional": true
                                },
                                "min_target_capacity": {
                                  "type": "string",
                                  "description_kind": "plain",
                                  "optional": true
                                },
                                "minimum": {
                                  "type": "string",
                                  "description_kind": "plain",
                                  "optional": true
                                },
                                "target": {
                                  "type": "string",
                                  "description_kind": "plain",
                                  "optional": true
                                },
                                "type": {
                                  "type": "string",
                                  "description_kind": "plain",
                                  "required": true
                                }
                              },
                              "description_kind": "plain"
                            },
                            "min_items": 1,
                            "max_items": 1
                          }
                        },
                        "description_kind": "plain"
                      }
                    }
                  },
                  "description_kind": "plain"
                }
              },
              "scheduled_task": {
                "nesting_mode": "set",
                "block": {
                  "attributes": {
                    "adjustment": {
                      "type": "string",
                      "description_kind": "plain",
                      "optional": true
                    },
                    "adjustment_percentage": {
                      "type": "string",
                      "description_kind": "plain",
                      "optional": true
                    },
                    "batch_size_percentage": {
                      "type": "string",
                      "description_kind": "plain",
                      "optional": true
                    },
                    "cron_expression": {
                      "type": "string",
                      "description_kind": "plain",
                      "optional": true
                    },
                    "frequency": {
                      "type": "string",
                      "description_kind": "plain",
                      "optional": true
                    },
                    "grace_period": {
                      "type": "string",
                      "description_kind": "plain",
                      "optional": true
                    },
                    "is_enabled": {
                      "type": "bool",
                      "description_kind": "plain",
                      "optional": true
                    },
                    "max_capacity": {
                      "type": "string",
                      "description_kind": "plain",
                      "optional": true
                    },
                    "min_capacity": {
                      "type": "string",
                      "description_kind": "plain",
                      "optional": true
                    },
                    "scale_max_capacity": {
                      "type": "string",
                      "description_kind": "plain",
                      "optional": true
                    },
                    "scale_min_capacity": {
                      "type": "string",
                      "description_kind": "plain",
                      "optional": true
                    },
                    "scale_target_capacity": {
                      "type": "string",
                      "description_kind": "plain",
                      "optional": true
                    },
                    "start_time": {
                      "type": "string",
                      "description_kind": "plain",
                      "optional": true
                    },
                    "target_capacity": {
                      "type": "string",
                      "description_kind": "plain",
                      "optional": true
                    },
                    "task_type": {
                      "type": "string",
                      "description_kind": "plain",
                      "required": true
                    }
                  },
                  "description_kind": "plain"
                }
              },
              "signal": {
                "nesting_mode": "set",
                "block": {
                  "attributes": {
                    "name": {
                      "type": "string",
                      "description_kind": "plain",
                      "required": true
                    },
                    "timeout": {
                      "type": "number",
                      "description_kind": "plain",
                      "optional": true
                    }
                  },
                  "description_kind": "plain"
                }
              },
              "stateful_deallocation": {
                "nesting_mode": "list",
                "block": {
                  "attributes": {
                    "should_delete_images": {
                      "type": "bool",
                      "description_kind": "plain",
                      "optional": true
                    },
                    "should_delete_network_interfaces": {
                      "type": "bool",
                      "description_kind": "plain",
                      "optional": true
                    },
                    "should_delete_snapshots": {
                      "type": "bool",
                      "description_kind": "plain",
                      "optional": true
                    },
                    "should_delete_volumes": {
                      "type": "bool",
                      "description_kind": "plain",
                      "optional": true
                    }
                  },
                  "description_kind": "plain"
                },
                "max_items": 1
              },
              "stateful_instance_action": {
                "nesting_mode": "list",
                "block": {
                  "attributes": {
                    "stateful_instance_id": {
                      "type": "string",
                      "description_kind": "plain",
                      "required": true
                    },
                    "type": {
                      "type": "string",
                      "description_kind": "plain",
                      "required": true
                    }
                  },
                  "description_kind": "plain"
                }
              },
              "tags": {
                "nesting_mode": "set",
                "block": {
                  "attributes": {
                    "key": {
                      "type": "string",
                      "description_kind": "plain",
                      "optional": true
                    },
                    "value": {
                      "type": "string",
                      "description_kind": "plain",
                      "optional": true
                    }
                  },
                  "description_kind": "plain"
                }
              },
              "update_policy": {
                "nesting_mode": "list",
                "block": {
                  "attributes": {
                    "auto_apply_tags": {
                      "type": "bool",
                      "description_kind": "plain",
                      "optional": true
                    },
                    "should_resume_stateful": {
                      "type": "bool",
                      "description_kind": "plain",
                      "required": true
                    },
                    "should_roll": {
                      "type": "bool",
                      "description_kind": "plain",
                      "required": true
                    }
                  },
                  "block_types": {
                    "roll_config": {
                      "nesting_mode": "list",
                      "block": {
                        "attributes": {
                          "batch_size_percentage": {
                            "type": "number",
                            "description_kind": "plain",
                            "required": true
                          },
                          "grace_period": {
                            "type": "number",
                            "description_kind": "plain",
                            "optional": true
                          },
                          "health_check_type": {
                            "type": "string",
                            "description_kind": "plain",
                            "optional": true
                          },
                          "wait_for_roll_percentage": {
                            "type": "number",
                            "description_kind": "plain",
                            "optional": true
                          },
                          "wait_for_roll_timeout": {
                            "type": "number",
                            "description_kind": "plain",
                            "optional": true
                          }
                        },
                        "block_types": {
                          "strategy": {
                            "nesting_mode": "list",
                            "block": {
                              "attributes": {
                                "action": {
                                  "type": "string",
                                  "description_kind": "plain",
                                  "required": true
                                },
                                "batch_min_healthy_percentage": {
                                  "type": "number",
                                  "description_kind": "plain",
                                  "optional": true
                                },
                                "should_drain_instances": {
                                  "type": "bool",
                                  "description_kind": "plain",
                                  "optional": true
                                }
                              },
                              "block_types": {
                                "on_failure": {
                                  "nesting_mode": "list",
                                  "block": {
                                    "attributes": {
                                      "action_type": {
                                        "type": "string",
                                        "description_kind": "plain",
                                        "required": true
                                      },
                                      "batch_num": {
                                        "type": "number",
                                        "description_kind": "plain",
                                        "optional": true
                                      },
                                      "draining_timeout": {
                                        "type": "number",
                                        "description_kind": "plain",
                                        "optional": true
                                      },
                                      "should_decrement_target_capacity": {
                                        "type": "bool",
                                        "description_kind": "plain",
                                        "optional": true
                                      },
                                      "should_handle_all_batches": {
                                        "type": "bool",
                                        "description_kind": "plain",
                                        "optional": true
                                      }
                                    },
                                    "description_kind": "plain"
                                  },
                                  "max_items": 1
                                }
                              },
                              "description_kind": "plain"
                            },
                            "max_items": 1
                          }
                        },
                        "description_kind": "plain"
                      },
                      "max_items": 1
                    }
                  },
                  "description_kind": "plain"
                },
                "max_items": 1
              }
            },
            "description_kind": "plain"
          }
        },
        "spotinst_elastigroup_aws_beanstalk": {
          "version": 0,
          "block": {
            "attributes": {
              "beanstalk_environment_id": {
                "type": "string",
                "description_kind": "plain",
                "optional": true
              },
              "beanstalk_environment_name": {
                "type": "string",
                "description_kind": "plain",
                "optional": true
              },
              "desired_capacity": {
                "type": "number",
                "description_kind": "plain",
                "required": true
              },
              "id": {
                "type": "string",
                "description_kind": "plain",
                "optional": true,
                "computed": true
              },
              "instance_types_spot": {
                "type": [
                  "list",
                  "string"
                ],
                "description_kind": "plain",
                "required": true
              },
              "maintenance": {
                "type": "string",
                "description_kind": "plain",
                "optional": true
              },
              "max_size": {
                "type": "number",
                "description_kind": "plain",
                "required": true
              },
              "min_size": {
                "type": "number",
                "description_kind": "plain",
                "required": true
              },
              "name": {
                "type": "string",
                "description_kind": "plain",
                "required": true
              },
              "product": {
                "type": "string",
                "description_kind": "plain",
                "required": true
              },
              "region": {
                "type": "string",
                "description_kind": "plain",
                "required": true
              }
            },
            "block_types": {
              "deployment_preferences": {
                "nesting_mode": "list",
                "block": {
                  "attributes": {
                    "automatic_roll": {
                      "type": "bool",
                      "description_kind": "plain",
                      "optional": true
                    },
                    "batch_size_percentage": {
                      "type": "number",
                      "description_kind": "plain",
                      "optional": true
                    },
                    "grace_period": {
                      "type": "number",
                      "description_kind": "plain",
                      "optional": true
                    }
                  },
                  "block_types": {
                    "strategy": {
                      "nesting_mode": "list",
                      "block": {
                        "attributes": {
                          "action": {
                            "type": "string",
                            "description_kind": "plain",
                            "optional": true
                          },
                          "should_drain_instances": {
                            "type": "bool",
                            "description_kind": "plain",
                            "optional": true
                          }
                        },
                        "description_kind": "plain"
                      }
                    }
                  },
                  "description_kind": "plain"
                },
                "max_items": 1
              },
              "managed_actions": {
                "nesting_mode": "list",
                "block": {
                  "block_types": {
                    "platform_update": {
                      "nesting_mode": "list",
                      "block": {
                        "attributes": {
                          "perform_at": {
                            "type": "string",
                            "description_kind": "plain",
                            "optional": true
                          },
                          "time_window": {
                            "type": "string",
                            "description_kind": "plain",
                            "optional": true
                          },
                          "update_level": {
                            "type": "string",
                            "description_kind": "plain",
                            "optional": true
                          }
                        },
                        "description_kind": "plain"
                      },
                      "max_items": 1
                    }
                  },
                  "description_kind": "plain"
                },
                "max_items": 1
              },
              "scheduled_task": {
                "nesting_mode": "set",
                "block": {
                  "attributes": {
                    "adjustment": {
                      "type": "string",
                      "description_kind": "plain",
                      "optional": true
                    },
                    "adjustment_percentage": {
                      "type": "string",
                      "description_kind": "plain",
                      "optional": true
                    },
                    "batch_size_percentage": {
                      "type": "string",
                      "description_kind": "plain",
                      "optional": true
                    },
                    "cron_expression": {
                      "type": "string",
                      "description_kind": "plain",
                      "optional": true
                    },
                    "frequency": {
                      "type": "string",
                      "description_kind": "plain",
                      "optional": true
                    },
                    "grace_period": {
                      "type": "string",
                      "description_kind": "plain",
                      "optional": true
                    },
                    "is_enabled": {
                      "type": "bool",
                      "description_kind": "plain",
                      "optional": true
                    },
                    "max_capacity": {
                      "type": "string",
                      "description_kind": "plain",
                      "optional": true
                    },
                    "min_capacity": {
                      "type": "string",
                      "description_kind": "plain",
                      "optional": true
                    },
                    "scale_max_capacity": {
                      "type": "string",
                      "description_kind": "plain",
                      "optional": true
                    },
                    "scale_min_capacity": {
                      "type": "string",
                      "description_kind": "plain",
                      "optional": true
                    },
                    "scale_target_capacity": {
                      "type": "string",
                      "description_kind": "plain",
                      "optional": true
                    },
                    "start_time": {
                      "type": "string",
                      "description_kind": "plain",
                      "optional": true
                    },
                    "target_capacity": {
                      "type": "string",
                      "description_kind": "plain",
                      "optional": true
                    },
                    "task_type": {
                      "type": "string",
                      "description_kind": "plain",
                      "required": true
                    }
                  },
                  "description_kind": "plain"
                }
              }
            },
            "description_kind": "plain"
          }
        },
        "spotinst_elastigroup_aws_suspension": {
          "version": 0,
          "block": {
            "attributes": {
              "group_id": {
                "type": "string",
                "description_kind": "plain",
                "required": true
              },
              "id": {
                "type": "string",
                "description_kind": "plain",
                "optional": true,
                "computed": true
              }
            },
            "block_types": {
              "suspension": {
                "nesting_mode": "list",
                "block": {
                  "attributes": {
                    "name": {
                      "type": "string",
                      "description_kind": "plain",
                      "required": true
                    }
                  },
                  "description_kind": "plain"
                },
                "min_items": 1
              }
            },
            "description_kind": "plain"
          }
        },
        "spotinst_elastigroup_azure": {
          "version": 0,
          "block": {
            "attributes": {
              "custom_data": {
                "type": "string",
                "description_kind": "plain",
                "optional": true
              },
              "desired_capacity": {
                "type": "number",
                "description_kind": "plain",
                "optional": true
              },
              "id": {
                "type": "string",
                "description_kind": "plain",
                "optional": true,
                "computed": true
              },
              "low_priority_sizes": {
                "type": [
                  "list",
                  "string"
                ],
                "description_kind": "plain",
                "required": true
              },
              "max_size": {
                "type": "number",
                "description_kind": "plain",
                "optional": true,
                "computed": true
              },
              "min_size": {
                "type": "number",
                "description_kind": "plain",
                "optional": true,
                "computed": true
              },
              "name": {
                "type": "string",
                "description_kind": "plain",
                "required": true
              },
              "od_sizes": {
                "type": [
                  "list",
                  "string"
                ],
                "description_kind": "plain",
                "required": true
              },
              "product": {
                "type": "string",
                "description_kind": "plain",
                "required": true
              },
              "region": {
                "type": "string",
                "description_kind": "plain",
                "required": true
              },
              "resource_group_name": {
                "type": "string",
                "description_kind": "plain",
                "required": true
              },
              "shutdown_script": {
                "type": "string",
                "description_kind": "plain",
                "optional": true
              },
              "user_data": {
                "type": "string",
                "description_kind": "plain",
                "optional": true
              }
            },
            "block_types": {
              "health_check": {
                "nesting_mode": "list",
                "block": {
                  "attributes": {
                    "auto_healing": {
                      "type": "bool",
                      "description_kind": "plain",
                      "optional": true
                    },
                    "grace_period": {
                      "type": "number",
                      "description_kind": "plain",
                      "optional": true
                    },
                    "health_check_type": {
                      "type": "string",
                      "description_kind": "plain",
                      "required": true
                    }
                  },
                  "description_kind": "plain"
                },
                "max_items": 1
              },
              "image": {
                "nesting_mode": "list",
                "block": {
                  "block_types": {
                    "custom": {
                      "nesting_mode": "list",
                      "block": {
                        "attributes": {
                          "image_name": {
                            "type": "string",
                            "description_kind": "plain",
                            "required": true
                          },
                          "resource_group_name": {
                            "type": "string",
                            "description_kind": "plain",
                            "required": true
                          }
                        },
                        "description_kind": "plain"
                      }
                    },
                    "marketplace": {
                      "nesting_mode": "list",
                      "block": {
                        "attributes": {
                          "offer": {
                            "type": "string",
                            "description_kind": "plain",
                            "required": true
                          },
                          "publisher": {
                            "type": "string",
                            "description_kind": "plain",
                            "required": true
                          },
                          "sku": {
                            "type": "string",
                            "description_kind": "plain",
                            "required": true
                          }
                        },
                        "description_kind": "plain"
                      }
                    }
                  },
                  "description_kind": "plain"
                }
              },
              "integration_kubernetes": {
                "nesting_mode": "list",
                "block": {
                  "attributes": {
                    "cluster_identifier": {
                      "type": "string",
                      "description_kind": "plain",
                      "required": true
                    }
                  },
                  "description_kind": "plain"
                },
                "max_items": 1
              },
              "integration_multai_runtime": {
                "nesting_mode": "list",
                "block": {
                  "attributes": {
                    "deployment_id": {
                      "type": "string",
                      "description_kind": "plain",
                      "required": true
                    }
                  },
                  "description_kind": "plain"
                },
                "max_items": 1
              },
              "load_balancers": {
                "nesting_mode": "set",
                "block": {
                  "attributes": {
                    "auto_weight": {
                      "type": "bool",
                      "description_kind": "plain",
                      "optional": true
                    },
                    "balancer_id": {
                      "type": "string",
                      "description_kind": "plain",
                      "optional": true
                    },
                    "target_set_id": {
                      "type": "string",
                      "description_kind": "plain",
                      "optional": true
                    },
                    "type": {
                      "type": "string",
                      "description_kind": "plain",
                      "required": true
                    }
                  },
                  "description_kind": "plain"
                }
              },
              "login": {
                "nesting_mode": "list",
                "block": {
                  "attributes": {
                    "password": {
                      "type": "string",
                      "description_kind": "plain",
                      "optional": true
                    },
                    "ssh_public_key": {
                      "type": "string",
                      "description_kind": "plain",
                      "optional": true
                    },
                    "user_name": {
                      "type": "string",
                      "description_kind": "plain",
                      "required": true
                    }
                  },
                  "description_kind": "plain"
                },
                "max_items": 1
              },
              "managed_service_identities": {
                "nesting_mode": "set",
                "block": {
                  "attributes": {
                    "name": {
                      "type": "string",
                      "description_kind": "plain",
                      "required": true
                    },
                    "resource_group_name": {
                      "type": "string",
                      "description_kind": "plain",
                      "required": true
                    }
                  },
                  "description_kind": "plain"
                }
              },
              "network": {
                "nesting_mode": "list",
                "block": {
                  "attributes": {
                    "assign_public_ip": {
                      "type": "bool",
                      "description_kind": "plain",
                      "optional": true
                    },
                    "resource_group_name": {
                      "type": "string",
                      "description_kind": "plain",
                      "required": true
                    },
                    "subnet_name": {
                      "type": "string",
                      "description_kind": "plain",
                      "required": true
                    },
                    "virtual_network_name": {
                      "type": "string",
                      "description_kind": "plain",
                      "required": true
                    }
                  },
                  "block_types": {
                    "additional_ip_configs": {
                      "nesting_mode": "list",
                      "block": {
                        "attributes": {
                          "name": {
                            "type": "string",
                            "description_kind": "plain",
                            "required": true
                          },
                          "private_ip_version": {
                            "type": "string",
                            "description_kind": "plain",
                            "optional": true
                          }
                        },
                        "description_kind": "plain"
                      }
                    }
                  },
                  "description_kind": "plain"
                },
                "min_items": 1,
                "max_items": 1
              },
              "scaling_down_policy": {
                "nesting_mode": "set",
                "block": {
                  "attributes": {
                    "action_type": {
                      "type": "string",
                      "description_kind": "plain",
                      "optional": true
                    },
                    "adjustment": {
                      "type": "string",
                      "description_kind": "plain",
                      "optional": true
                    },
                    "cooldown": {
                      "type": "number",
                      "description_kind": "plain",
                      "optional": true,
                      "computed": true
                    },
                    "evaluation_periods": {
                      "type": "number",
                      "description_kind": "plain",
                      "optional": true,
                      "computed": true
                    },
                    "max_target_capacity": {
                      "type": "string",
                      "description_kind": "plain",
                      "optional": true
                    },
                    "maximum": {
                      "type": "string",
                      "description_kind": "plain",
                      "optional": true
                    },
                    "metric_name": {
                      "type": "string",
                      "description_kind": "plain",
                      "required": true
                    },
                    "min_target_capacity": {
                      "type": "string",
                      "description_kind": "plain",
                      "optional": true
                    },
                    "minimum": {
                      "type": "string",
                      "description_kind": "plain",
                      "optional": true
                    },
                    "namespace": {
                      "type": "string",
                      "description_kind": "plain",
                      "required": true
                    },
                    "operator": {
                      "type": "string",
                      "description_kind": "plain",
                      "optional": true,
                      "computed": true
                    },
                    "period": {
                      "type": "number",
                      "description_kind": "plain",
                      "optional": true,
                      "computed": true
                    },
                    "policy_name": {
                      "type": "string",
                      "description_kind": "plain",
                      "required": true
                    },
                    "statistic": {
                      "type": "string",
                      "description_kind": "plain",
                      "optional": true,
                      "computed": true
                    },
                    "target": {
                      "type": "string",
                      "description_kind": "plain",
                      "optional": true
                    },
                    "threshold": {
                      "type": "number",
                      "description_kind": "plain",
                      "required": true
                    },
                    "unit": {
                      "type": "string",
                      "description_kind": "plain",
                      "optional": true
                    }
                  },
                  "block_types": {
                    "dimensions": {
                      "nesting_mode": "list",
                      "block": {
                        "attributes": {
                          "name": {
                            "type": "string",
                            "description_kind": "plain",
                            "required": true
                          },
                          "value": {
                            "type": "string",
                            "description_kind": "plain",
                            "optional": true
                          }
                        },
                        "description_kind": "plain"
                      }
                    }
                  },
                  "description_kind": "plain"
                }
              },
              "scaling_up_policy": {
                "nesting_mode": "set",
                "block": {
                  "attributes": {
                    "action_type": {
                      "type": "string",
                      "description_kind": "plain",
                      "optional": true
                    },
                    "adjustment": {
                      "type": "string",
                      "description_kind": "plain",
                      "optional": true
                    },
                    "cooldown": {
                      "type": "number",
                      "description_kind": "plain",
                      "optional": true,
                      "computed": true
                    },
                    "evaluation_periods": {
                      "type": "number",
                      "description_kind": "plain",
                      "optional": true,
                      "computed": true
                    },
                    "max_target_capacity": {
                      "type": "string",
                      "description_kind": "plain",
                      "optional": true
                    },
                    "maximum": {
                      "type": "string",
                      "description_kind": "plain",
                      "optional": true
                    },
                    "metric_name": {
                      "type": "string",
                      "description_kind": "plain",
                      "required": true
                    },
                    "min_target_capacity": {
                      "type": "string",
                      "description_kind": "plain",
                      "optional": true
                    },
                    "minimum": {
                      "type": "string",
                      "description_kind": "plain",
                      "optional": true
                    },
                    "namespace": {
                      "type": "string",
                      "description_kind": "plain",
                      "required": true
                    },
                    "operator": {
                      "type": "string",
                      "description_kind": "plain",
                      "optional": true,
                      "computed": true
                    },
                    "period": {
                      "type": "number",
                      "description_kind": "plain",
                      "optional": true,
                      "computed": true
                    },
                    "policy_name": {
                      "type": "string",
                      "description_kind": "plain",
                      "required": true
                    },
                    "statistic": {
                      "type": "string",
                      "description_kind": "plain",
                      "optional": true,
                      "computed": true
                    },
                    "target": {
                      "type": "string",
                      "description_kind": "plain",
                      "optional": true
                    },
                    "threshold": {
                      "type": "number",
                      "description_kind": "plain",
                      "required": true
                    },
                    "unit": {
                      "type": "string",
                      "description_kind": "plain",
                      "optional": true
                    }
                  },
                  "block_types": {
                    "dimensions": {
                      "nesting_mode": "list",
                      "block": {
                        "attributes": {
                          "name": {
                            "type": "string",
                            "description_kind": "plain",
                            "required": true
                          },
                          "value": {
                            "type": "string",
                            "description_kind": "plain",
                            "optional": true
                          }
                        },
                        "description_kind": "plain"
                      }
                    }
                  },
                  "description_kind": "plain"
                }
              },
              "scheduled_task": {
                "nesting_mode": "set",
                "block": {
                  "attributes": {
                    "adjustment": {
                      "type": "string",
                      "description_kind": "plain",
                      "optional": true
                    },
                    "adjustment_percentage": {
                      "type": "string",
                      "description_kind": "plain",
                      "optional": true
                    },
                    "batch_size_percentage": {
                      "type": "string",
                      "description_kind": "plain",
                      "optional": true
                    },
                    "cron_expression": {
                      "type": "string",
                      "description_kind": "plain",
                      "required": true
                    },
                    "grace_period": {
                      "type": "string",
                      "description_kind": "plain",
                      "optional": true
                    },
                    "is_enabled": {
                      "type": "bool",
                      "description_kind": "plain",
                      "optional": true
                    },
                    "scale_max_capacity": {
                      "type": "string",
                      "description_kind": "plain",
                      "optional": true
                    },
                    "scale_min_capacity": {
                      "type": "string",
                      "description_kind": "plain",
                      "optional": true
                    },
                    "scale_target_capacity": {
                      "type": "string",
                      "description_kind": "plain",
                      "optional": true
                    },
                    "task_type": {
                      "type": "string",
                      "description_kind": "plain",
                      "required": true
                    }
                  },
                  "description_kind": "plain"
                }
              },
              "strategy": {
                "nesting_mode": "list",
                "block": {
                  "attributes": {
                    "draining_timeout": {
                      "type": "number",
                      "description_kind": "plain",
                      "optional": true
                    },
                    "low_priority_percentage": {
                      "type": "number",
                      "description_kind": "plain",
                      "optional": true
                    },
                    "od_count": {
                      "type": "number",
                      "description_kind": "plain",
                      "optional": true
                    }
                  },
                  "description_kind": "plain"
                },
                "min_items": 1,
                "max_items": 1
              },
              "update_policy": {
                "nesting_mode": "list",
                "block": {
                  "attributes": {
                    "should_roll": {
                      "type": "bool",
                      "description_kind": "plain",
                      "required": true
                    }
                  },
                  "block_types": {
                    "roll_config": {
                      "nesting_mode": "list",
                      "block": {
                        "attributes": {
                          "batch_size_percentage": {
                            "type": "number",
                            "description_kind": "plain",
                            "required": true
                          },
                          "grace_period": {
                            "type": "number",
                            "description_kind": "plain",
                            "optional": true
                          },
                          "health_check_type": {
                            "type": "string",
                            "description_kind": "plain",
                            "optional": true
                          }
                        },
                        "description_kind": "plain"
                      },
                      "max_items": 1
                    }
                  },
                  "description_kind": "plain"
                },
                "max_items": 1
              }
            },
            "description_kind": "plain"
          }
        },
        "spotinst_elastigroup_azure_v3": {
          "version": 0,
          "block": {
            "attributes": {
              "custom_data": {
                "type": "string",
                "description_kind": "plain",
                "optional": true
              },
              "desired_capacity": {
                "type": "number",
                "description_kind": "plain",
                "optional": true
              },
              "draining_timeout": {
                "type": "number",
                "description_kind": "plain",
                "optional": true,
                "computed": true
              },
              "fallback_to_on_demand": {
                "type": "bool",
                "description_kind": "plain",
                "required": true
              },
              "id": {
                "type": "string",
                "description_kind": "plain",
                "optional": true,
                "computed": true
              },
              "max_size": {
                "type": "number",
                "description_kind": "plain",
                "optional": true,
                "computed": true
              },
              "min_size": {
                "type": "number",
                "description_kind": "plain",
                "optional": true,
                "computed": true
              },
              "name": {
                "type": "string",
                "description_kind": "plain",
                "required": true
              },
              "od_sizes": {
                "type": [
                  "list",
                  "string"
                ],
                "description_kind": "plain",
                "required": true
              },
              "on_demand_count": {
                "type": "number",
                "description_kind": "plain",
                "optional": true
              },
              "os": {
                "type": "string",
                "description_kind": "plain",
                "required": true
              },
              "region": {
                "type": "string",
                "description_kind": "plain",
                "required": true
              },
              "resource_group_name": {
                "type": "string",
                "description_kind": "plain",
                "required": true
              },
              "spot_percentage": {
                "type": "number",
                "description_kind": "plain",
                "optional": true
              },
              "spot_sizes": {
                "type": [
                  "list",
                  "string"
                ],
                "description_kind": "plain",
                "required": true
              }
            },
            "block_types": {
              "image": {
                "nesting_mode": "list",
                "block": {
                  "block_types": {
                    "custom": {
                      "nesting_mode": "list",
                      "block": {
                        "attributes": {
                          "image_name": {
                            "type": "string",
                            "description_kind": "plain",
                            "required": true
                          },
                          "resource_group_name": {
                            "type": "string",
                            "description_kind": "plain",
                            "required": true
                          }
                        },
                        "description_kind": "plain"
                      }
                    },
                    "marketplace": {
                      "nesting_mode": "list",
                      "block": {
                        "attributes": {
                          "offer": {
                            "type": "string",
                            "description_kind": "plain",
                            "required": true
                          },
                          "publisher": {
                            "type": "string",
                            "description_kind": "plain",
                            "required": true
                          },
                          "sku": {
                            "type": "string",
                            "description_kind": "plain",
                            "required": true
                          },
                          "version": {
                            "type": "string",
                            "description_kind": "plain",
                            "required": true
                          }
                        },
                        "description_kind": "plain"
                      }
                    }
                  },
                  "description_kind": "plain"
                }
              },
              "login": {
                "nesting_mode": "list",
                "block": {
                  "attributes": {
                    "password": {
                      "type": "string",
                      "description_kind": "plain",
                      "optional": true
                    },
                    "ssh_public_key": {
                      "type": "string",
                      "description_kind": "plain",
                      "optional": true
                    },
                    "user_name": {
                      "type": "string",
                      "description_kind": "plain",
                      "required": true
                    }
                  },
                  "description_kind": "plain"
                },
                "max_items": 1
              },
              "managed_service_identity": {
                "nesting_mode": "set",
                "block": {
                  "attributes": {
                    "name": {
                      "type": "string",
                      "description_kind": "plain",
                      "required": true
                    },
                    "resource_group_name": {
                      "type": "string",
                      "description_kind": "plain",
                      "required": true
                    }
                  },
                  "description_kind": "plain"
                }
              },
              "network": {
                "nesting_mode": "list",
                "block": {
                  "attributes": {
                    "resource_group_name": {
                      "type": "string",
                      "description_kind": "plain",
                      "required": true
                    },
                    "virtual_network_name": {
                      "type": "string",
                      "description_kind": "plain",
                      "required": true
                    }
                  },
                  "block_types": {
                    "network_interfaces": {
                      "nesting_mode": "list",
                      "block": {
                        "attributes": {
                          "assign_public_ip": {
                            "type": "bool",
                            "description_kind": "plain",
                            "required": true
                          },
                          "is_primary": {
                            "type": "bool",
                            "description_kind": "plain",
                            "required": true
                          },
                          "subnet_name": {
                            "type": "string",
                            "description_kind": "plain",
                            "required": true
                          }
                        },
                        "block_types": {
                          "additional_ip_configs": {
                            "nesting_mode": "list",
                            "block": {
                              "attributes": {
                                "name": {
                                  "type": "string",
                                  "description_kind": "plain",
                                  "required": true
                                },
                                "private_ip_version": {
                                  "type": "string",
                                  "description_kind": "plain",
                                  "optional": true
                                }
                              },
                              "description_kind": "plain"
                            }
                          },
                          "application_security_group": {
                            "nesting_mode": "set",
                            "block": {
                              "attributes": {
                                "name": {
                                  "type": "string",
                                  "description_kind": "plain",
                                  "required": true
                                },
                                "resource_group_name": {
                                  "type": "string",
                                  "description_kind": "plain",
                                  "required": true
                                }
                              },
                              "description_kind": "plain"
                            }
                          }
                        },
                        "description_kind": "plain"
                      },
                      "min_items": 1
                    }
                  },
                  "description_kind": "plain"
                },
                "min_items": 1,
                "max_items": 1
              }
            },
            "description_kind": "plain"
          }
        },
        "spotinst_elastigroup_gcp": {
          "version": 0,
          "block": {
            "attributes": {
              "auto_healing": {
                "type": "bool",
                "description_kind": "plain",
                "optional": true
              },
              "availability_zones": {
                "type": [
                  "list",
                  "string"
                ],
                "description_kind": "plain",
                "deprecated": true,
                "optional": true
              },
              "description": {
                "type": "string",
                "description_kind": "plain",
                "optional": true
              },
              "desired_capacity": {
                "type": "number",
                "description_kind": "plain",
                "required": true
              },
              "draining_timeout": {
                "type": "number",
                "description_kind": "plain",
                "optional": true
              },
              "fallback_to_ondemand": {
                "type": "bool",
                "description_kind": "plain",
                "optional": true
              },
              "health_check_grace_period": {
                "type": "number",
                "description_kind": "plain",
                "optional": true
              },
              "health_check_type": {
                "type": "string",
                "description_kind": "plain",
                "optional": true
              },
              "id": {
                "type": "string",
                "description_kind": "plain",
                "optional": true,
                "computed": true
              },
              "instance_name_prefix": {
                "type": "string",
                "description_kind": "plain",
                "optional": true
              },
              "instance_types_ondemand": {
                "type": "string",
                "description_kind": "plain",
                "optional": true
              },
              "instance_types_preemptible": {
                "type": [
                  "list",
                  "string"
                ],
                "description_kind": "plain",
                "optional": true
              },
              "ip_forwarding": {
                "type": "bool",
                "description_kind": "plain",
                "optional": true
              },
              "max_size": {
                "type": "number",
                "description_kind": "plain",
                "optional": true,
                "computed": true
              },
              "min_size": {
                "type": "number",
                "description_kind": "plain",
                "optional": true,
                "computed": true
              },
              "name": {
                "type": "string",
                "description_kind": "plain",
                "required": true
              },
              "ondemand_count": {
                "type": "number",
                "description_kind": "plain",
                "optional": true
              },
              "preemptible_percentage": {
                "type": "number",
                "description_kind": "plain",
                "optional": true
              },
              "provisioning_model": {
                "type": "string",
                "description_kind": "plain",
                "optional": true
              },
              "service_account": {
                "type": "string",
                "description_kind": "plain",
                "optional": true
              },
              "shutdown_script": {
                "type": "string",
                "description_kind": "plain",
                "optional": true
              },
              "startup_script": {
                "type": "string",
                "description_kind": "plain",
                "optional": true
              },
              "tags": {
                "type": [
                  "list",
                  "string"
                ],
                "description_kind": "plain",
                "optional": true
              },
              "unhealthy_duration": {
                "type": "number",
                "description_kind": "plain",
                "optional": true
              }
            },
            "block_types": {
              "backend_services": {
                "nesting_mode": "set",
                "block": {
                  "attributes": {
                    "location_type": {
                      "type": "string",
                      "description_kind": "plain",
                      "optional": true
                    },
                    "scheme": {
                      "type": "string",
                      "description_kind": "plain",
                      "optional": true
                    },
                    "service_name": {
                      "type": "string",
                      "description_kind": "plain",
                      "required": true
                    }
                  },
                  "block_types": {
                    "named_ports": {
                      "nesting_mode": "set",
                      "block": {
                        "attributes": {
                          "name": {
                            "type": "string",
                            "description_kind": "plain",
                            "required": true
                          },
                          "ports": {
                            "type": [
                              "list",
                              "string"
                            ],
                            "description_kind": "plain",
                            "required": true
                          }
                        },
                        "description_kind": "plain"
                      }
                    }
                  },
                  "description_kind": "plain"
                }
              },
              "disk": {
                "nesting_mode": "set",
                "block": {
                  "attributes": {
                    "auto_delete": {
                      "type": "bool",
                      "description_kind": "plain",
                      "optional": true
                    },
                    "boot": {
                      "type": "bool",
                      "description_kind": "plain",
                      "optional": true
                    },
                    "device_name": {
                      "type": "string",
                      "description_kind": "plain",
                      "optional": true
                    },
                    "interface": {
                      "type": "string",
                      "description_kind": "plain",
                      "optional": true
                    },
                    "mode": {
                      "type": "string",
                      "description_kind": "plain",
                      "optional": true
                    },
                    "source": {
                      "type": "string",
                      "description_kind": "plain",
                      "optional": true
                    },
                    "type": {
                      "type": "string",
                      "description_kind": "plain",
                      "optional": true
                    }
                  },
                  "block_types": {
                    "initialize_params": {
                      "nesting_mode": "set",
                      "block": {
                        "attributes": {
                          "disk_size_gb": {
                            "type": "string",
                            "description_kind": "plain",
                            "optional": true
                          },
                          "disk_type": {
                            "type": "string",
                            "description_kind": "plain",
                            "optional": true
                          },
                          "source_image": {
                            "type": "string",
                            "description_kind": "plain",
                            "required": true
                          }
                        },
                        "description_kind": "plain"
                      }
                    }
                  },
                  "description_kind": "plain"
                }
              },
              "gpu": {
                "nesting_mode": "set",
                "block": {
                  "attributes": {
                    "count": {
                      "type": "number",
                      "description_kind": "plain",
                      "required": true
                    },
                    "type": {
                      "type": "string",
                      "description_kind": "plain",
                      "required": true
                    }
                  },
                  "description_kind": "plain"
                }
              },
              "instance_types_custom": {
                "nesting_mode": "list",
                "block": {
                  "attributes": {
                    "memory_gib": {
                      "type": "number",
                      "description_kind": "plain",
                      "required": true
                    },
                    "vcpu": {
                      "type": "number",
                      "description_kind": "plain",
                      "required": true
                    }
                  },
                  "description_kind": "plain"
                }
              },
              "integration_docker_swarm": {
                "nesting_mode": "list",
                "block": {
                  "attributes": {
                    "master_host": {
                      "type": "string",
                      "description_kind": "plain",
                      "required": true
                    },
                    "master_port": {
                      "type": "number",
                      "description_kind": "plain",
                      "required": true
                    }
                  },
                  "description_kind": "plain"
                },
                "max_items": 1
              },
              "integration_gke": {
                "nesting_mode": "list",
                "block": {
                  "attributes": {
                    "auto_update": {
                      "type": "bool",
                      "description_kind": "plain",
                      "optional": true
                    },
                    "autoscale_cooldown": {
                      "type": "number",
                      "description_kind": "plain",
                      "optional": true
                    },
                    "autoscale_is_auto_config": {
                      "type": "bool",
                      "description_kind": "plain",
                      "optional": true
                    },
                    "autoscale_is_enabled": {
                      "type": "bool",
                      "description_kind": "plain",
                      "optional": true
                    },
                    "cluster_id": {
                      "type": "string",
                      "description_kind": "plain",
                      "optional": true
                    },
                    "location": {
                      "type": "string",
                      "description_kind": "plain",
                      "optional": true
                    }
                  },
                  "block_types": {
                    "autoscale_down": {
                      "nesting_mode": "list",
                      "block": {
                        "attributes": {
                          "evaluation_periods": {
                            "type": "number",
                            "description_kind": "plain",
                            "optional": true
                          }
                        },
                        "description_kind": "plain"
                      },
                      "max_items": 1
                    },
                    "autoscale_headroom": {
                      "nesting_mode": "list",
                      "block": {
                        "attributes": {
                          "cpu_per_unit": {
                            "type": "number",
                            "description_kind": "plain",
                            "optional": true
                          },
                          "memory_per_unit": {
                            "type": "number",
                            "description_kind": "plain",
                            "optional": true
                          },
                          "num_of_units": {
                            "type": "number",
                            "description_kind": "plain",
                            "optional": true
                          }
                        },
                        "description_kind": "plain"
                      },
                      "max_items": 1
                    },
                    "autoscale_labels": {
                      "nesting_mode": "set",
                      "block": {
                        "attributes": {
                          "key": {
                            "type": "string",
                            "description_kind": "plain",
                            "required": true
                          },
                          "value": {
                            "type": "string",
                            "description_kind": "plain",
                            "required": true
                          }
                        },
                        "description_kind": "plain"
                      }
                    }
                  },
                  "description_kind": "plain"
                },
                "max_items": 1
              },
              "labels": {
                "nesting_mode": "set",
                "block": {
                  "attributes": {
                    "key": {
                      "type": "string",
                      "description_kind": "plain",
                      "required": true
                    },
                    "value": {
                      "type": "string",
                      "description_kind": "plain",
                      "required": true
                    }
                  },
                  "description_kind": "plain"
                }
              },
              "metadata": {
                "nesting_mode": "set",
                "block": {
                  "attributes": {
                    "key": {
                      "type": "string",
                      "description_kind": "plain",
                      "required": true
                    },
                    "value": {
                      "type": "string",
                      "description_kind": "plain",
                      "required": true
                    }
                  },
                  "description_kind": "plain"
                }
              },
              "network_interface": {
                "nesting_mode": "list",
                "block": {
                  "attributes": {
                    "network": {
                      "type": "string",
                      "description_kind": "plain",
                      "required": true
                    }
                  },
                  "block_types": {
                    "access_configs": {
                      "nesting_mode": "set",
                      "block": {
                        "attributes": {
                          "name": {
                            "type": "string",
                            "description_kind": "plain",
                            "optional": true
                          },
                          "type": {
                            "type": "string",
                            "description_kind": "plain",
                            "optional": true
                          }
                        },
                        "description_kind": "plain"
                      }
                    },
                    "alias_ip_ranges": {
                      "nesting_mode": "set",
                      "block": {
                        "attributes": {
                          "ip_cidr_range": {
                            "type": "string",
                            "description_kind": "plain",
                            "required": true
                          },
                          "subnetwork_range_name": {
                            "type": "string",
                            "description_kind": "plain",
                            "required": true
                          }
                        },
                        "description_kind": "plain"
                      }
                    }
                  },
                  "description_kind": "plain"
                }
              },
              "scaling_down_policy": {
                "nesting_mode": "set",
                "block": {
                  "attributes": {
                    "action_type": {
                      "type": "string",
                      "description_kind": "plain",
                      "optional": true
                    },
                    "adjustment": {
                      "type": "number",
                      "description_kind": "plain",
                      "optional": true
                    },
                    "cooldown": {
                      "type": "number",
                      "description_kind": "plain",
                      "optional": true,
                      "computed": true
                    },
                    "evaluation_periods": {
                      "type": "number",
                      "description_kind": "plain",
                      "optional": true,
                      "computed": true
                    },
                    "metric_name": {
                      "type": "string",
                      "description_kind": "plain",
                      "required": true
                    },
                    "namespace": {
                      "type": "string",
                      "description_kind": "plain",
                      "required": true
                    },
                    "operator": {
                      "type": "string",
                      "description_kind": "plain",
                      "optional": true,
                      "computed": true
                    },
                    "period": {
                      "type": "number",
                      "description_kind": "plain",
                      "optional": true,
                      "computed": true
                    },
                    "policy_name": {
                      "type": "string",
                      "description_kind": "plain",
                      "required": true
                    },
                    "source": {
                      "type": "string",
                      "description_kind": "plain",
                      "optional": true,
                      "computed": true
                    },
                    "statistic": {
                      "type": "string",
                      "description_kind": "plain",
                      "optional": true,
                      "computed": true
                    },
                    "threshold": {
                      "type": "number",
                      "description_kind": "plain",
                      "required": true
                    },
                    "unit": {
                      "type": "string",
                      "description_kind": "plain",
                      "required": true
                    }
                  },
                  "block_types": {
                    "dimensions": {
                      "nesting_mode": "list",
                      "block": {
                        "attributes": {
                          "name": {
                            "type": "string",
                            "description_kind": "plain",
                            "required": true
                          },
                          "value": {
                            "type": "string",
                            "description_kind": "plain",
                            "optional": true
                          }
                        },
                        "description_kind": "plain"
                      }
                    }
                  },
                  "description_kind": "plain"
                }
              },
              "scaling_up_policy": {
                "nesting_mode": "set",
                "block": {
                  "attributes": {
                    "action_type": {
                      "type": "string",
                      "description_kind": "plain",
                      "optional": true
                    },
                    "adjustment": {
                      "type": "number",
                      "description_kind": "plain",
                      "optional": true
                    },
                    "cooldown": {
                      "type": "number",
                      "description_kind": "plain",
                      "optional": true,
                      "computed": true
                    },
                    "evaluation_periods": {
                      "type": "number",
                      "description_kind": "plain",
                      "optional": true,
                      "computed": true
                    },
                    "metric_name": {
                      "type": "string",
                      "description_kind": "plain",
                      "required": true
                    },
                    "namespace": {
                      "type": "string",
                      "description_kind": "plain",
                      "required": true
                    },
                    "operator": {
                      "type": "string",
                      "description_kind": "plain",
                      "optional": true,
                      "computed": true
                    },
                    "period": {
                      "type": "number",
                      "description_kind": "plain",
                      "optional": true,
                      "computed": true
                    },
                    "policy_name": {
                      "type": "string",
                      "description_kind": "plain",
                      "required": true
                    },
                    "source": {
                      "type": "string",
                      "description_kind": "plain",
                      "optional": true,
                      "computed": true
                    },
                    "statistic": {
                      "type": "string",
                      "description_kind": "plain",
                      "optional": true,
                      "computed": true
                    },
                    "threshold": {
                      "type": "number",
                      "description_kind": "plain",
                      "required": true
                    },
                    "unit": {
                      "type": "string",
                      "description_kind": "plain",
                      "required": true
                    }
                  },
                  "block_types": {
                    "dimensions": {
                      "nesting_mode": "list",
                      "block": {
                        "attributes": {
                          "name": {
                            "type": "string",
                            "description_kind": "plain",
                            "required": true
                          },
                          "value": {
                            "type": "string",
                            "description_kind": "plain",
                            "optional": true
                          }
                        },
                        "description_kind": "plain"
                      }
                    }
                  },
                  "description_kind": "plain"
                }
              },
              "scheduled_task": {
                "nesting_mode": "set",
                "block": {
                  "attributes": {
                    "cron_expression": {
                      "type": "string",
                      "description_kind": "plain",
                      "optional": true
                    },
                    "is_enabled": {
                      "type": "bool",
                      "description_kind": "plain",
                      "optional": true
                    },
                    "max_capacity": {
                      "type": "string",
                      "description_kind": "plain",
                      "optional": true
                    },
                    "min_capacity": {
                      "type": "string",
                      "description_kind": "plain",
                      "optional": true
                    },
                    "target_capacity": {
                      "type": "string",
                      "description_kind": "plain",
                      "optional": true
                    },
                    "task_type": {
                      "type": "string",
                      "description_kind": "plain",
                      "required": true
                    }
                  },
                  "description_kind": "plain"
                }
              },
              "subnets": {
                "nesting_mode": "set",
                "block": {
                  "attributes": {
                    "region": {
                      "type": "string",
                      "description_kind": "plain",
                      "required": true
                    },
                    "subnet_names": {
                      "type": [
                        "list",
                        "string"
                      ],
                      "description_kind": "plain",
                      "required": true
                    }
                  },
                  "description_kind": "plain"
                }
              }
            },
            "description_kind": "plain"
          }
        },
        "spotinst_elastigroup_gke": {
          "version": 0,
          "block": {
            "attributes": {
              "cluster_id": {
                "type": "string",
                "description_kind": "plain",
                "deprecated": true,
                "optional": true
              },
              "cluster_zone_name": {
                "type": "string",
                "description_kind": "plain",
                "required": true
              },
              "desired_capacity": {
                "type": "number",
                "description_kind": "plain",
                "required": true
              },
              "draining_timeout": {
                "type": "number",
                "description_kind": "plain",
                "optional": true
              },
              "fallback_to_ondemand": {
                "type": "bool",
                "description_kind": "plain",
                "optional": true
              },
              "id": {
                "type": "string",
                "description_kind": "plain",
                "optional": true,
                "computed": true
              },
              "instance_name_prefix": {
                "type": "string",
                "description_kind": "plain",
                "optional": true
              },
              "instance_types_ondemand": {
                "type": "string",
                "description_kind": "plain",
                "optional": true
              },
              "instance_types_preemptible": {
                "type": [
                  "list",
                  "string"
                ],
                "description_kind": "plain",
                "optional": true
              },
              "ip_forwarding": {
                "type": "bool",
                "description_kind": "plain",
                "optional": true
              },
              "max_size": {
                "type": "number",
                "description_kind": "plain",
                "optional": true,
                "computed": true
              },
              "min_size": {
                "type": "number",
                "description_kind": "plain",
                "optional": true,
                "computed": true
              },
              "name": {
                "type": "string",
                "description_kind": "plain",
                "required": true
              },
              "node_image": {
                "type": "string",
                "description_kind": "plain",
                "optional": true
              },
              "ondemand_count": {
                "type": "number",
                "description_kind": "plain",
                "optional": true
              },
              "preemptible_percentage": {
                "type": "number",
                "description_kind": "plain",
                "optional": true
              },
              "provisioning_model": {
                "type": "string",
                "description_kind": "plain",
                "optional": true
              },
              "service_account": {
                "type": "string",
                "description_kind": "plain",
                "optional": true
              },
              "shutdown_script": {
                "type": "string",
                "description_kind": "plain",
                "optional": true
              },
              "startup_script": {
                "type": "string",
                "description_kind": "plain",
                "optional": true
              },
              "tags": {
                "type": [
                  "list",
                  "string"
                ],
                "description_kind": "plain",
                "optional": true
              }
            },
            "block_types": {
              "backend_services": {
                "nesting_mode": "set",
                "block": {
                  "attributes": {
                    "location_type": {
                      "type": "string",
                      "description_kind": "plain",
                      "optional": true
                    },
                    "scheme": {
                      "type": "string",
                      "description_kind": "plain",
                      "optional": true
                    },
                    "service_name": {
                      "type": "string",
                      "description_kind": "plain",
                      "required": true
                    }
                  },
                  "block_types": {
                    "named_ports": {
                      "nesting_mode": "set",
                      "block": {
                        "attributes": {
                          "name": {
                            "type": "string",
                            "description_kind": "plain",
                            "required": true
                          },
                          "ports": {
                            "type": [
                              "list",
                              "string"
                            ],
                            "description_kind": "plain",
                            "required": true
                          }
                        },
                        "description_kind": "plain"
                      }
                    }
                  },
                  "description_kind": "plain"
                }
              },
              "disk": {
                "nesting_mode": "set",
                "block": {
                  "attributes": {
                    "auto_delete": {
                      "type": "bool",
                      "description_kind": "plain",
                      "optional": true
                    },
                    "boot": {
                      "type": "bool",
                      "description_kind": "plain",
                      "optional": true
                    },
                    "device_name": {
                      "type": "string",
                      "description_kind": "plain",
                      "optional": true
                    },
                    "interface": {
                      "type": "string",
                      "description_kind": "plain",
                      "optional": true
                    },
                    "mode": {
                      "type": "string",
                      "description_kind": "plain",
                      "optional": true
                    },
                    "source": {
                      "type": "string",
                      "description_kind": "plain",
                      "optional": true
                    },
                    "type": {
                      "type": "string",
                      "description_kind": "plain",
                      "optional": true
                    }
                  },
                  "block_types": {
                    "initialize_params": {
                      "nesting_mode": "set",
                      "block": {
                        "attributes": {
                          "disk_size_gb": {
                            "type": "string",
                            "description_kind": "plain",
                            "optional": true
                          },
                          "disk_type": {
                            "type": "string",
                            "description_kind": "plain",
                            "optional": true
                          },
                          "source_image": {
                            "type": "string",
                            "description_kind": "plain",
                            "required": true
                          }
                        },
                        "description_kind": "plain"
                      }
                    }
                  },
                  "description_kind": "plain"
                }
              },
              "gpu": {
                "nesting_mode": "set",
                "block": {
                  "attributes": {
                    "count": {
                      "type": "number",
                      "description_kind": "plain",
                      "required": true
                    },
                    "type": {
                      "type": "string",
                      "description_kind": "plain",
                      "required": true
                    }
                  },
                  "description_kind": "plain"
                }
              },
              "instance_types_custom": {
                "nesting_mode": "list",
                "block": {
                  "attributes": {
                    "memory_gib": {
                      "type": "number",
                      "description_kind": "plain",
                      "required": true
                    },
                    "vcpu": {
                      "type": "number",
                      "description_kind": "plain",
                      "required": true
                    }
                  },
                  "description_kind": "plain"
                }
              },
              "integration_docker_swarm": {
                "nesting_mode": "list",
                "block": {
                  "attributes": {
                    "master_host": {
                      "type": "string",
                      "description_kind": "plain",
                      "required": true
                    },
                    "master_port": {
                      "type": "number",
                      "description_kind": "plain",
                      "required": true
                    }
                  },
                  "description_kind": "plain"
                },
                "max_items": 1
              },
              "integration_gke": {
                "nesting_mode": "list",
                "block": {
                  "attributes": {
                    "auto_update": {
                      "type": "bool",
                      "description_kind": "plain",
                      "optional": true
                    },
                    "autoscale_cooldown": {
                      "type": "number",
                      "description_kind": "plain",
                      "optional": true
                    },
                    "autoscale_is_auto_config": {
                      "type": "bool",
                      "description_kind": "plain",
                      "optional": true
                    },
                    "autoscale_is_enabled": {
                      "type": "bool",
                      "description_kind": "plain",
                      "optional": true
                    },
                    "cluster_id": {
                      "type": "string",
                      "description_kind": "plain",
                      "optional": true
                    },
                    "location": {
                      "type": "string",
                      "description_kind": "plain",
                      "optional": true
                    }
                  },
                  "block_types": {
                    "autoscale_down": {
                      "nesting_mode": "list",
                      "block": {
                        "attributes": {
                          "evaluation_periods": {
                            "type": "number",
                            "description_kind": "plain",
                            "optional": true
                          }
                        },
                        "description_kind": "plain"
                      },
                      "max_items": 1
                    },
                    "autoscale_headroom": {
                      "nesting_mode": "list",
                      "block": {
                        "attributes": {
                          "cpu_per_unit": {
                            "type": "number",
                            "description_kind": "plain",
                            "optional": true
                          },
                          "memory_per_unit": {
                            "type": "number",
                            "description_kind": "plain",
                            "optional": true
                          },
                          "num_of_units": {
                            "type": "number",
                            "description_kind": "plain",
                            "optional": true
                          }
                        },
                        "description_kind": "plain"
                      },
                      "max_items": 1
                    },
                    "autoscale_labels": {
                      "nesting_mode": "set",
                      "block": {
                        "attributes": {
                          "key": {
                            "type": "string",
                            "description_kind": "plain",
                            "required": true
                          },
                          "value": {
                            "type": "string",
                            "description_kind": "plain",
                            "required": true
                          }
                        },
                        "description_kind": "plain"
                      }
                    }
                  },
                  "description_kind": "plain"
                },
                "max_items": 1
              },
              "labels": {
                "nesting_mode": "set",
                "block": {
                  "attributes": {
                    "key": {
                      "type": "string",
                      "description_kind": "plain",
                      "required": true
                    },
                    "value": {
                      "type": "string",
                      "description_kind": "plain",
                      "required": true
                    }
                  },
                  "description_kind": "plain"
                }
              },
              "metadata": {
                "nesting_mode": "set",
                "block": {
                  "attributes": {
                    "key": {
                      "type": "string",
                      "description_kind": "plain",
                      "required": true
                    },
                    "value": {
                      "type": "string",
                      "description_kind": "plain",
                      "required": true
                    }
                  },
                  "description_kind": "plain"
                }
              },
              "network_interface": {
                "nesting_mode": "list",
                "block": {
                  "attributes": {
                    "network": {
                      "type": "string",
                      "description_kind": "plain",
                      "required": true
                    }
                  },
                  "block_types": {
                    "access_configs": {
                      "nesting_mode": "set",
                      "block": {
                        "attributes": {
                          "name": {
                            "type": "string",
                            "description_kind": "plain",
                            "optional": true
                          },
                          "type": {
                            "type": "string",
                            "description_kind": "plain",
                            "optional": true
                          }
                        },
                        "description_kind": "plain"
                      }
                    },
                    "alias_ip_ranges": {
                      "nesting_mode": "set",
                      "block": {
                        "attributes": {
                          "ip_cidr_range": {
                            "type": "string",
                            "description_kind": "plain",
                            "required": true
                          },
                          "subnetwork_range_name": {
                            "type": "string",
                            "description_kind": "plain",
                            "required": true
                          }
                        },
                        "description_kind": "plain"
                      }
                    }
                  },
                  "description_kind": "plain"
                }
              },
              "scaling_down_policy": {
                "nesting_mode": "set",
                "block": {
                  "attributes": {
                    "action_type": {
                      "type": "string",
                      "description_kind": "plain",
                      "optional": true
                    },
                    "adjustment": {
                      "type": "number",
                      "description_kind": "plain",
                      "optional": true
                    },
                    "cooldown": {
                      "type": "number",
                      "description_kind": "plain",
                      "optional": true,
                      "computed": true
                    },
                    "evaluation_periods": {
                      "type": "number",
                      "description_kind": "plain",
                      "optional": true,
                      "computed": true
                    },
                    "metric_name": {
                      "type": "string",
                      "description_kind": "plain",
                      "required": true
                    },
                    "namespace": {
                      "type": "string",
                      "description_kind": "plain",
                      "required": true
                    },
                    "operator": {
                      "type": "string",
                      "description_kind": "plain",
                      "optional": true,
                      "computed": true
                    },
                    "period": {
                      "type": "number",
                      "description_kind": "plain",
                      "optional": true,
                      "computed": true
                    },
                    "policy_name": {
                      "type": "string",
                      "description_kind": "plain",
                      "required": true
                    },
                    "source": {
                      "type": "string",
                      "description_kind": "plain",
                      "optional": true,
                      "computed": true
                    },
                    "statistic": {
                      "type": "string",
                      "description_kind": "plain",
                      "optional": true,
                      "computed": true
                    },
                    "threshold": {
                      "type": "number",
                      "description_kind": "plain",
                      "required": true
                    },
                    "unit": {
                      "type": "string",
                      "description_kind": "plain",
                      "required": true
                    }
                  },
                  "block_types": {
                    "dimensions": {
                      "nesting_mode": "list",
                      "block": {
                        "attributes": {
                          "name": {
                            "type": "string",
                            "description_kind": "plain",
                            "required": true
                          },
                          "value": {
                            "type": "string",
                            "description_kind": "plain",
                            "optional": true
                          }
                        },
                        "description_kind": "plain"
                      }
                    }
                  },
                  "description_kind": "plain"
                }
              },
              "scaling_up_policy": {
                "nesting_mode": "set",
                "block": {
                  "attributes": {
                    "action_type": {
                      "type": "string",
                      "description_kind": "plain",
                      "optional": true
                    },
                    "adjustment": {
                      "type": "number",
                      "description_kind": "plain",
                      "optional": true
                    },
                    "cooldown": {
                      "type": "number",
                      "description_kind": "plain",
                      "optional": true,
                      "computed": true
                    },
                    "evaluation_periods": {
                      "type": "number",
                      "description_kind": "plain",
                      "optional": true,
                      "computed": true
                    },
                    "metric_name": {
                      "type": "string",
                      "description_kind": "plain",
                      "required": true
                    },
                    "namespace": {
                      "type": "string",
                      "description_kind": "plain",
                      "required": true
                    },
                    "operator": {
                      "type": "string",
                      "description_kind": "plain",
                      "optional": true,
                      "computed": true
                    },
                    "period": {
                      "type": "number",
                      "description_kind": "plain",
                      "optional": true,
                      "computed": true
                    },
                    "policy_name": {
                      "type": "string",
                      "description_kind": "plain",
                      "required": true
                    },
                    "source": {
                      "type": "string",
                      "description_kind": "plain",
                      "optional": true,
                      "computed": true
                    },
                    "statistic": {
                      "type": "string",
                      "description_kind": "plain",
                      "optional": true,
                      "computed": true
                    },
                    "threshold": {
                      "type": "number",
                      "description_kind": "plain",
                      "required": true
                    },
                    "unit": {
                      "type": "string",
                      "description_kind": "plain",
                      "required": true
                    }
                  },
                  "block_types": {
                    "dimensions": {
                      "nesting_mode": "list",
                      "block": {
                        "attributes": {
                          "name": {
                            "type": "string",
                            "description_kind": "plain",
                            "required": true
                          },
                          "value": {
                            "type": "string",
                            "description_kind": "plain",
                            "optional": true
                          }
                        },
                        "description_kind": "plain"
                      }
                    }
                  },
                  "description_kind": "plain"
                }
              }
            },
            "description_kind": "plain"
          }
        },
        "spotinst_health_check": {
          "version": 0,
          "block": {
            "attributes": {
              "id": {
                "type": "string",
                "description_kind": "plain",
                "optional": true,
                "computed": true
              },
              "name": {
                "type": "string",
                "description_kind": "plain",
                "optional": true
              },
              "proxy_address": {
                "type": "string",
                "description_kind": "plain",
                "required": true
              },
              "proxy_port": {
                "type": "number",
                "description_kind": "plain",
                "optional": true
              },
              "resource_id": {
                "type": "string",
                "description_kind": "plain",
                "required": true
              }
            },
            "block_types": {
              "check": {
                "nesting_mode": "list",
                "block": {
                  "attributes": {
                    "end_point": {
                      "type": "string",
                      "description_kind": "plain",
                      "optional": true
                    },
                    "endpoint": {
                      "type": "string",
                      "description_kind": "plain",
                      "optional": true
                    },
                    "healthy": {
                      "type": "number",
                      "description_kind": "plain",
                      "required": true
                    },
                    "interval": {
                      "type": "number",
                      "description_kind": "plain",
                      "required": true
                    },
                    "port": {
                      "type": "number",
                      "description_kind": "plain",
                      "required": true
                    },
                    "protocol": {
                      "type": "string",
                      "description_kind": "plain",
                      "required": true
                    },
                    "time_out": {
                      "type": "number",
                      "description_kind": "plain",
                      "optional": true
                    },
                    "timeout": {
                      "type": "number",
                      "description_kind": "plain",
                      "optional": true
                    },
                    "unhealthy": {
                      "type": "number",
                      "description_kind": "plain",
                      "required": true
                    }
                  },
                  "description_kind": "plain"
                },
                "max_items": 1
              }
            },
            "description_kind": "plain"
          }
        },
        "spotinst_managed_instance_aws": {
          "version": 0,
          "block": {
            "attributes": {
              "auto_healing": {
                "type": "bool",
                "description_kind": "plain",
                "optional": true
              },
              "block_devices_mode": {
                "type": "string",
                "description_kind": "plain",
                "optional": true
              },
              "cpu_credits": {
                "type": "string",
                "description_kind": "plain",
                "optional": true
              },
              "description": {
                "type": "string",
                "description_kind": "plain",
                "optional": true
              },
              "draining_timeout": {
                "type": "number",
                "description_kind": "plain",
                "optional": true
              },
              "ebs_optimized": {
                "type": "bool",
                "description_kind": "plain",
                "optional": true,
                "computed": true
              },
              "elastic_ip": {
                "type": "string",
                "description_kind": "plain",
                "optional": true
              },
              "enable_monitoring": {
                "type": "bool",
                "description_kind": "plain",
                "optional": true
              },
              "fall_back_to_od": {
                "type": "bool",
                "description_kind": "plain",
                "optional": true
              },
              "grace_period": {
                "type": "number",
                "description_kind": "plain",
                "optional": true
              },
              "health_check_type": {
                "type": "string",
                "description_kind": "plain",
                "optional": true
              },
              "iam_instance_profile": {
                "type": "string",
                "description_kind": "plain",
                "optional": true
              },
              "id": {
                "type": "string",
                "description_kind": "plain",
                "optional": true,
                "computed": true
              },
              "image_id": {
                "type": "string",
                "description_kind": "plain",
                "required": true
              },
              "instance_types": {
                "type": [
                  "list",
                  "string"
                ],
                "description_kind": "plain",
                "required": true
              },
              "key_pair": {
                "type": "string",
                "description_kind": "plain",
                "optional": true
              },
              "life_cycle": {
                "type": "string",
                "description_kind": "plain",
                "optional": true
              },
              "minimum_instance_lifetime": {
                "type": "number",
                "description_kind": "plain",
                "optional": true
              },
              "name": {
                "type": "string",
                "description_kind": "plain",
                "required": true
              },
              "optimization_windows": {
                "type": [
                  "list",
                  "string"
                ],
                "description_kind": "plain",
                "optional": true
              },
              "orientation": {
                "type": "string",
                "description_kind": "plain",
                "optional": true
              },
              "persist_block_devices": {
                "type": "bool",
                "description_kind": "plain",
                "required": true
              },
              "persist_private_ip": {
                "type": "bool",
                "description_kind": "plain",
                "optional": true
              },
              "persist_root_device": {
                "type": "bool",
                "description_kind": "plain",
                "optional": true
              },
              "placement_tenancy": {
                "type": "string",
                "description_kind": "plain",
                "optional": true
              },
              "preferred_type": {
                "type": "string",
                "description_kind": "plain",
                "optional": true
              },
              "private_ip": {
                "type": "string",
                "description_kind": "plain",
                "optional": true
              },
              "product": {
                "type": "string",
                "description_kind": "plain",
                "required": true
              },
              "region": {
                "type": "string",
                "description_kind": "plain",
                "optional": true
              },
              "security_group_ids": {
                "type": [
                  "list",
                  "string"
                ],
                "description_kind": "plain",
                "optional": true
              },
              "shutdown_script": {
                "type": "string",
                "description_kind": "plain",
                "optional": true
              },
              "subnet_ids": {
                "type": [
                  "list",
                  "string"
                ],
                "description_kind": "plain",
                "required": true
              },
              "unhealthy_duration": {
                "type": "number",
                "description_kind": "plain",
                "optional": true
              },
              "user_data": {
                "type": "string",
                "description_kind": "plain",
                "optional": true
              },
              "utilize_reserved_instances": {
                "type": "bool",
                "description_kind": "plain",
                "optional": true
              },
              "vpc_id": {
                "type": "string",
                "description_kind": "plain",
                "required": true
              }
            },
            "block_types": {
              "block_device_mappings": {
                "nesting_mode": "list",
                "block": {
                  "attributes": {
                    "device_name": {
                      "type": "string",
                      "description_kind": "plain",
                      "required": true
                    }
                  },
                  "block_types": {
                    "ebs": {
                      "nesting_mode": "list",
                      "block": {
                        "attributes": {
                          "delete_on_termination": {
                            "type": "bool",
                            "description_kind": "plain",
                            "optional": true,
                            "computed": true
                          },
                          "iops": {
                            "type": "number",
                            "description_kind": "plain",
                            "optional": true
                          },
                          "throughput": {
                            "type": "number",
                            "description_kind": "plain",
                            "optional": true
                          },
                          "volume_size": {
                            "type": "number",
                            "description_kind": "plain",
                            "optional": true
                          },
                          "volume_type": {
                            "type": "string",
                            "description_kind": "plain",
                            "optional": true,
                            "computed": true
                          }
                        },
                        "description_kind": "plain"
                      },
                      "max_items": 1
                    }
                  },
                  "description_kind": "plain"
                }
              },
              "integration_route53": {
                "nesting_mode": "list",
                "block": {
                  "block_types": {
                    "domains": {
                      "nesting_mode": "set",
                      "block": {
                        "attributes": {
                          "hosted_zone_id": {
                            "type": "string",
                            "description_kind": "plain",
                            "required": true
                          },
                          "record_set_type": {
                            "type": "string",
                            "description_kind": "plain",
                            "optional": true
                          },
                          "spotinst_acct_id": {
                            "type": "string",
                            "description_kind": "plain",
                            "optional": true
                          }
                        },
                        "block_types": {
                          "record_sets": {
                            "nesting_mode": "set",
                            "block": {
                              "attributes": {
                                "name": {
                                  "type": "string",
                                  "description_kind": "plain",
                                  "required": true
                                },
                                "use_public_dns": {
                                  "type": "bool",
                                  "description_kind": "plain",
                                  "optional": true
                                },
                                "use_public_ip": {
                                  "type": "bool",
                                  "description_kind": "plain",
                                  "optional": true
                                }
                              },
                              "description_kind": "plain"
                            },
                            "min_items": 1
                          }
                        },
                        "description_kind": "plain"
                      },
                      "min_items": 1
                    }
                  },
                  "description_kind": "plain"
                },
                "max_items": 1
              },
              "load_balancers": {
                "nesting_mode": "set",
                "block": {
                  "attributes": {
                    "arn": {
                      "type": "string",
                      "description_kind": "plain",
                      "optional": true
                    },
                    "auto_weight": {
                      "type": "bool",
                      "description_kind": "plain",
                      "optional": true
                    },
                    "az_awareness": {
                      "type": "bool",
                      "description_kind": "plain",
                      "optional": true
                    },
                    "balancer_id": {
                      "type": "string",
                      "description_kind": "plain",
                      "optional": true
                    },
                    "name": {
                      "type": "string",
                      "description_kind": "plain",
                      "optional": true
                    },
                    "target_set_id": {
                      "type": "string",
                      "description_kind": "plain",
                      "optional": true
                    },
                    "type": {
                      "type": "string",
                      "description_kind": "plain",
                      "required": true
                    }
                  },
                  "description_kind": "plain"
                }
              },
              "managed_instance_action": {
                "nesting_mode": "list",
                "block": {
                  "attributes": {
                    "type": {
                      "type": "string",
                      "description_kind": "plain",
                      "required": true
                    }
                  },
                  "description_kind": "plain"
                },
                "max_items": 1
              },
              "network_interface": {
                "nesting_mode": "set",
                "block": {
                  "attributes": {
                    "associate_ipv6_address": {
                      "type": "bool",
                      "description_kind": "plain",
                      "optional": true
                    },
                    "associate_public_ip_address": {
                      "type": "bool",
                      "description_kind": "plain",
                      "optional": true
                    },
                    "device_index": {
                      "type": "string",
                      "description_kind": "plain",
                      "required": true
                    }
                  },
                  "description_kind": "plain"
                }
              },
              "resource_tag_specification": {
                "nesting_mode": "list",
                "block": {
                  "attributes": {
                    "should_tag_amis": {
                      "type": "bool",
                      "description_kind": "plain",
                      "optional": true
                    },
                    "should_tag_enis": {
                      "type": "bool",
                      "description_kind": "plain",
                      "optional": true
                    },
                    "should_tag_snapshots": {
                      "type": "bool",
                      "description_kind": "plain",
                      "optional": true
                    },
                    "should_tag_volumes": {
                      "type": "bool",
                      "description_kind": "plain",
                      "optional": true
                    }
                  },
                  "description_kind": "plain"
                }
              },
              "revert_to_spot": {
                "nesting_mode": "list",
                "block": {
                  "attributes": {
                    "perform_at": {
                      "type": "string",
                      "description_kind": "plain",
                      "required": true
                    }
                  },
                  "description_kind": "plain"
                },
                "max_items": 1
              },
              "scheduled_task": {
                "nesting_mode": "set",
                "block": {
                  "attributes": {
                    "cron_expression": {
                      "type": "string",
                      "description_kind": "plain",
                      "optional": true
                    },
                    "frequency": {
                      "type": "string",
                      "description_kind": "plain",
                      "optional": true
                    },
                    "is_enabled": {
                      "type": "bool",
                      "description_kind": "plain",
                      "optional": true
                    },
                    "start_time": {
                      "type": "string",
                      "description_kind": "plain",
                      "optional": true
                    },
                    "task_type": {
                      "type": "string",
                      "description_kind": "plain",
                      "required": true
                    }
                  },
                  "description_kind": "plain"
                }
              },
              "tags": {
                "nesting_mode": "set",
                "block": {
                  "attributes": {
                    "key": {
                      "type": "string",
                      "description_kind": "plain",
                      "optional": true
                    },
                    "value": {
                      "type": "string",
                      "description_kind": "plain",
                      "optional": true
                    }
                  },
                  "description_kind": "plain"
                }
              }
            },
            "description_kind": "plain"
          }
        },
        "spotinst_mrscaler_aws": {
          "version": 0,
          "block": {
            "attributes": {
              "additional_info": {
                "type": "string",
                "description_kind": "plain",
                "optional": true
              },
              "additional_primary_security_groups": {
                "type": [
                  "list",
                  "string"
                ],
                "description_kind": "plain",
                "optional": true
              },
              "additional_replica_security_groups": {
                "type": [
                  "list",
                  "string"
                ],
                "description_kind": "plain",
                "optional": true
              },
              "availability_zones": {
                "type": [
                  "list",
                  "string"
                ],
                "description_kind": "plain",
                "optional": true
              },
              "cluster_id": {
                "type": "string",
                "description_kind": "plain",
                "optional": true
              },
              "core_desired_capacity": {
                "type": "number",
                "description_kind": "plain",
                "optional": true
              },
              "core_ebs_optimized": {
                "type": "bool",
                "description_kind": "plain",
                "optional": true
              },
              "core_instance_types": {
                "type": [
                  "list",
                  "string"
                ],
                "description_kind": "plain",
                "optional": true
              },
              "core_lifecycle": {
                "type": "string",
                "description_kind": "plain",
                "optional": true
              },
              "core_max_size": {
                "type": "number",
                "description_kind": "plain",
                "optional": true
              },
              "core_min_size": {
                "type": "number",
                "description_kind": "plain",
                "optional": true
              },
              "core_unit": {
                "type": "string",
                "description_kind": "plain",
                "optional": true
              },
              "custom_ami_id": {
                "type": "string",
                "description_kind": "plain",
                "optional": true
              },
              "description": {
                "type": "string",
                "description_kind": "plain",
                "optional": true
              },
              "ebs_root_volume_size": {
                "type": "number",
                "description_kind": "plain",
                "optional": true
              },
              "ec2_key_name": {
                "type": "string",
                "description_kind": "plain",
                "optional": true
              },
              "expose_cluster_id": {
                "type": "bool",
                "description_kind": "plain",
                "optional": true
              },
              "id": {
                "type": "string",
                "description_kind": "plain",
                "optional": true,
                "computed": true
              },
              "job_flow_role": {
                "type": "string",
                "description_kind": "plain",
                "optional": true
              },
              "keep_job_flow_alive": {
                "type": "bool",
                "description_kind": "plain",
                "optional": true
              },
              "log_uri": {
                "type": "string",
                "description_kind": "plain",
                "optional": true
              },
              "managed_primary_security_group": {
                "type": "string",
                "description_kind": "plain",
                "optional": true
              },
              "managed_replica_security_group": {
                "type": "string",
                "description_kind": "plain",
                "optional": true
              },
              "master_ebs_optimized": {
                "type": "bool",
                "description_kind": "plain",
                "optional": true
              },
              "master_instance_types": {
                "type": [
                  "list",
                  "string"
                ],
                "description_kind": "plain",
                "optional": true
              },
              "master_lifecycle": {
                "type": "string",
                "description_kind": "plain",
                "optional": true
              },
              "master_target": {
                "type": "number",
                "description_kind": "plain",
                "optional": true
              },
              "name": {
                "type": "string",
                "description_kind": "plain",
                "required": true
              },
              "output_cluster_id": {
                "type": "string",
                "description_kind": "plain",
                "computed": true
              },
              "region": {
                "type": "string",
                "description_kind": "plain",
                "optional": true
              },
              "release_label": {
                "type": "string",
                "description_kind": "plain",
                "optional": true
              },
              "repo_upgrade_on_boot": {
                "type": "string",
                "description_kind": "plain",
                "optional": true
              },
              "retries": {
                "type": "number",
                "description_kind": "plain",
                "optional": true
              },
              "security_config": {
                "type": "string",
                "description_kind": "plain",
                "optional": true
              },
              "service_access_security_group": {
                "type": "string",
                "description_kind": "plain",
                "optional": true
              },
              "service_role": {
                "type": "string",
                "description_kind": "plain",
                "optional": true
              },
              "strategy": {
                "type": "string",
                "description_kind": "plain",
                "required": true
              },
              "task_desired_capacity": {
                "type": "number",
                "description_kind": "plain",
                "optional": true
              },
              "task_ebs_optimized": {
                "type": "bool",
                "description_kind": "plain",
                "optional": true
              },
              "task_instance_types": {
                "type": [
                  "list",
                  "string"
                ],
                "description_kind": "plain",
                "optional": true
              },
              "task_lifecycle": {
                "type": "string",
                "description_kind": "plain",
                "optional": true
              },
              "task_max_size": {
                "type": "number",
                "description_kind": "plain",
                "optional": true
              },
              "task_min_size": {
                "type": "number",
                "description_kind": "plain",
                "optional": true
              },
              "task_unit": {
                "type": "string",
                "description_kind": "plain",
                "optional": true
              },
              "termination_protected": {
                "type": "bool",
                "description_kind": "plain",
                "optional": true
              },
              "visible_to_all_users": {
                "type": "bool",
                "description_kind": "plain",
                "deprecated": true,
                "optional": true
              }
            },
            "block_types": {
              "applications": {
                "nesting_mode": "set",
                "block": {
                  "attributes": {
                    "args": {
                      "type": [
                        "list",
                        "string"
                      ],
                      "description_kind": "plain",
                      "optional": true
                    },
                    "name": {
                      "type": "string",
                      "description_kind": "plain",
                      "required": true
                    },
                    "version": {
                      "type": "string",
                      "description_kind": "plain",
                      "optional": true
                    }
                  },
                  "description_kind": "plain"
                }
              },
              "bootstrap_actions_file": {
                "nesting_mode": "set",
                "block": {
                  "attributes": {
                    "bucket": {
                      "type": "string",
                      "description_kind": "plain",
                      "required": true
                    },
                    "key": {
                      "type": "string",
                      "description_kind": "plain",
                      "required": true
                    }
                  },
                  "description_kind": "plain"
                }
              },
              "configurations_file": {
                "nesting_mode": "set",
                "block": {
                  "attributes": {
                    "bucket": {
                      "type": "string",
                      "description_kind": "plain",
                      "required": true
                    },
                    "key": {
                      "type": "string",
                      "description_kind": "plain",
                      "required": true
                    }
                  },
                  "description_kind": "plain"
                }
              },
              "core_ebs_block_device": {
                "nesting_mode": "set",
                "block": {
                  "attributes": {
                    "iops": {
                      "type": "number",
                      "description_kind": "plain",
                      "optional": true
                    },
                    "size_in_gb": {
                      "type": "number",
                      "description_kind": "plain",
                      "required": true
                    },
                    "volume_type": {
                      "type": "string",
                      "description_kind": "plain",
                      "required": true
                    },
                    "volumes_per_instance": {
                      "type": "number",
                      "description_kind": "plain",
                      "optional": true
                    }
                  },
                  "description_kind": "plain"
                }
              },
              "core_scaling_down_policy": {
                "nesting_mode": "set",
                "block": {
                  "attributes": {
                    "action_type": {
                      "type": "string",
                      "description_kind": "plain",
                      "optional": true
                    },
                    "adjustment": {
                      "type": "string",
                      "description_kind": "plain",
                      "optional": true
                    },
                    "cooldown": {
                      "type": "number",
                      "description_kind": "plain",
                      "optional": true,
                      "computed": true
                    },
                    "dimensions": {
                      "type": [
                        "map",
                        "string"
                      ],
                      "description_kind": "plain",
                      "optional": true
                    },
                    "evaluation_periods": {
                      "type": "number",
                      "description_kind": "plain",
                      "optional": true,
                      "computed": true
                    },
                    "max_target_capacity": {
                      "type": "string",
                      "description_kind": "plain",
                      "optional": true
                    },
                    "maximum": {
                      "type": "string",
                      "description_kind": "plain",
                      "optional": true
                    },
                    "metric_name": {
                      "type": "string",
                      "description_kind": "plain",
                      "required": true
                    },
                    "min_target_capacity": {
                      "type": "string",
                      "description_kind": "plain",
                      "optional": true
                    },
                    "minimum": {
                      "type": "string",
                      "description_kind": "plain",
                      "optional": true
                    },
                    "namespace": {
                      "type": "string",
                      "description_kind": "plain",
                      "required": true
                    },
                    "operator": {
                      "type": "string",
                      "description_kind": "plain",
                      "optional": true,
                      "computed": true
                    },
                    "period": {
                      "type": "number",
                      "description_kind": "plain",
                      "optional": true,
                      "computed": true
                    },
                    "policy_name": {
                      "type": "string",
                      "description_kind": "plain",
                      "required": true
                    },
                    "statistic": {
                      "type": "string",
                      "description_kind": "plain",
                      "optional": true,
                      "computed": true
                    },
                    "target": {
                      "type": "string",
                      "description_kind": "plain",
                      "optional": true
                    },
                    "threshold": {
                      "type": "number",
                      "description_kind": "plain",
                      "required": true
                    },
                    "unit": {
                      "type": "string",
                      "description_kind": "plain",
                      "required": true
                    }
                  },
                  "description_kind": "plain"
                }
              },
              "core_scaling_up_policy": {
                "nesting_mode": "set",
                "block": {
                  "attributes": {
                    "action_type": {
                      "type": "string",
                      "description_kind": "plain",
                      "optional": true
                    },
                    "adjustment": {
                      "type": "string",
                      "description_kind": "plain",
                      "optional": true
                    },
                    "cooldown": {
                      "type": "number",
                      "description_kind": "plain",
                      "optional": true,
                      "computed": true
                    },
                    "dimensions": {
                      "type": [
                        "map",
                        "string"
                      ],
                      "description_kind": "plain",
                      "optional": true
                    },
                    "evaluation_periods": {
                      "type": "number",
                      "description_kind": "plain",
                      "optional": true,
                      "computed": true
                    },
                    "max_target_capacity": {
                      "type": "string",
                      "description_kind": "plain",
                      "optional": true
                    },
                    "maximum": {
                      "type": "string",
                      "description_kind": "plain",
                      "optional": true
                    },
                    "metric_name": {
                      "type": "string",
                      "description_kind": "plain",
                      "required": true
                    },
                    "min_target_capacity": {
                      "type": "string",
                      "description_kind": "plain",
                      "optional": true
                    },
                    "minimum": {
                      "type": "string",
                      "description_kind": "plain",
                      "optional": true
                    },
                    "namespace": {
                      "type": "string",
                      "description_kind": "plain",
                      "required": true
                    },
                    "operator": {
                      "type": "string",
                      "description_kind": "plain",
                      "optional": true,
                      "computed": true
                    },
                    "period": {
                      "type": "number",
                      "description_kind": "plain",
                      "optional": true,
                      "computed": true
                    },
                    "policy_name": {
                      "type": "string",
                      "description_kind": "plain",
                      "required": true
                    },
                    "statistic": {
                      "type": "string",
                      "description_kind": "plain",
                      "optional": true,
                      "computed": true
                    },
                    "target": {
                      "type": "string",
                      "description_kind": "plain",
                      "optional": true
                    },
                    "threshold": {
                      "type": "number",
                      "description_kind": "plain",
                      "required": true
                    },
                    "unit": {
                      "type": "string",
                      "description_kind": "plain",
                      "required": true
                    }
                  },
                  "description_kind": "plain"
                }
              },
              "instance_weights": {
                "nesting_mode": "set",
                "block": {
                  "attributes": {
                    "instance_type": {
                      "type": "string",
                      "description_kind": "plain",
                      "required": true
                    },
                    "weighted_capacity": {
                      "type": "number",
                      "description_kind": "plain",
                      "required": true
                    }
                  },
                  "description_kind": "plain"
                }
              },
              "master_ebs_block_device": {
                "nesting_mode": "set",
                "block": {
                  "attributes": {
                    "iops": {
                      "type": "number",
                      "description_kind": "plain",
                      "optional": true
                    },
                    "size_in_gb": {
                      "type": "number",
                      "description_kind": "plain",
                      "required": true
                    },
                    "volume_type": {
                      "type": "string",
                      "description_kind": "plain",
                      "required": true
                    },
                    "volumes_per_instance": {
                      "type": "number",
                      "description_kind": "plain",
                      "optional": true
                    }
                  },
                  "description_kind": "plain"
                }
              },
              "provisioning_timeout": {
                "nesting_mode": "list",
                "block": {
                  "attributes": {
                    "timeout": {
                      "type": "number",
                      "description_kind": "plain",
                      "required": true
                    },
                    "timeout_action": {
                      "type": "string",
                      "description_kind": "plain",
                      "required": true
                    }
                  },
                  "description_kind": "plain"
                },
                "max_items": 1
              },
              "scheduled_task": {
                "nesting_mode": "set",
                "block": {
                  "attributes": {
                    "cron": {
                      "type": "string",
                      "description_kind": "plain",
                      "required": true
                    },
                    "desired_capacity": {
                      "type": "string",
                      "description_kind": "plain",
                      "optional": true
                    },
                    "instance_group_type": {
                      "type": "string",
                      "description_kind": "plain",
                      "required": true
                    },
                    "is_enabled": {
                      "type": "bool",
                      "description_kind": "plain",
                      "optional": true
                    },
                    "max_capacity": {
                      "type": "string",
                      "description_kind": "plain",
                      "optional": true
                    },
                    "min_capacity": {
                      "type": "string",
                      "description_kind": "plain",
                      "optional": true
                    },
                    "task_type": {
                      "type": "string",
                      "description_kind": "plain",
                      "required": true
                    }
                  },
                  "description_kind": "plain"
                }
              },
              "steps_file": {
                "nesting_mode": "set",
                "block": {
                  "attributes": {
                    "bucket": {
                      "type": "string",
                      "description_kind": "plain",
                      "required": true
                    },
                    "key": {
                      "type": "string",
                      "description_kind": "plain",
                      "required": true
                    }
                  },
                  "description_kind": "plain"
                }
              },
              "tags": {
                "nesting_mode": "set",
                "block": {
                  "attributes": {
                    "key": {
                      "type": "string",
                      "description_kind": "plain",
                      "required": true
                    },
                    "value": {
                      "type": "string",
                      "description_kind": "plain",
                      "required": true
                    }
                  },
                  "description_kind": "plain"
                }
              },
              "task_ebs_block_device": {
                "nesting_mode": "set",
                "block": {
                  "attributes": {
                    "iops": {
                      "type": "number",
                      "description_kind": "plain",
                      "optional": true
                    },
                    "size_in_gb": {
                      "type": "number",
                      "description_kind": "plain",
                      "required": true
                    },
                    "volume_type": {
                      "type": "string",
                      "description_kind": "plain",
                      "required": true
                    },
                    "volumes_per_instance": {
                      "type": "number",
                      "description_kind": "plain",
                      "optional": true
                    }
                  },
                  "description_kind": "plain"
                }
              },
              "task_scaling_down_policy": {
                "nesting_mode": "set",
                "block": {
                  "attributes": {
                    "action_type": {
                      "type": "string",
                      "description_kind": "plain",
                      "optional": true
                    },
                    "adjustment": {
                      "type": "string",
                      "description_kind": "plain",
                      "optional": true
                    },
                    "cooldown": {
                      "type": "number",
                      "description_kind": "plain",
                      "optional": true,
                      "computed": true
                    },
                    "dimensions": {
                      "type": [
                        "map",
                        "string"
                      ],
                      "description_kind": "plain",
                      "optional": true
                    },
                    "evaluation_periods": {
                      "type": "number",
                      "description_kind": "plain",
                      "optional": true,
                      "computed": true
                    },
                    "max_target_capacity": {
                      "type": "string",
                      "description_kind": "plain",
                      "optional": true
                    },
                    "maximum": {
                      "type": "string",
                      "description_kind": "plain",
                      "optional": true
                    },
                    "metric_name": {
                      "type": "string",
                      "description_kind": "plain",
                      "required": true
                    },
                    "min_target_capacity": {
                      "type": "string",
                      "description_kind": "plain",
                      "optional": true
                    },
                    "minimum": {
                      "type": "string",
                      "description_kind": "plain",
                      "optional": true
                    },
                    "namespace": {
                      "type": "string",
                      "description_kind": "plain",
                      "required": true
                    },
                    "operator": {
                      "type": "string",
                      "description_kind": "plain",
                      "optional": true,
                      "computed": true
                    },
                    "period": {
                      "type": "number",
                      "description_kind": "plain",
                      "optional": true,
                      "computed": true
                    },
                    "policy_name": {
                      "type": "string",
                      "description_kind": "plain",
                      "required": true
                    },
                    "statistic": {
                      "type": "string",
                      "description_kind": "plain",
                      "optional": true,
                      "computed": true
                    },
                    "target": {
                      "type": "string",
                      "description_kind": "plain",
                      "optional": true
                    },
                    "threshold": {
                      "type": "number",
                      "description_kind": "plain",
                      "required": true
                    },
                    "unit": {
                      "type": "string",
                      "description_kind": "plain",
                      "required": true
                    }
                  },
                  "description_kind": "plain"
                }
              },
              "task_scaling_up_policy": {
                "nesting_mode": "set",
                "block": {
                  "attributes": {
                    "action_type": {
                      "type": "string",
                      "description_kind": "plain",
                      "optional": true
                    },
                    "adjustment": {
                      "type": "string",
                      "description_kind": "plain",
                      "optional": true
                    },
                    "cooldown": {
                      "type": "number",
                      "description_kind": "plain",
                      "optional": true,
                      "computed": true
                    },
                    "dimensions": {
                      "type": [
                        "map",
                        "string"
                      ],
                      "description_kind": "plain",
                      "optional": true
                    },
                    "evaluation_periods": {
                      "type": "number",
                      "description_kind": "plain",
                      "optional": true,
                      "computed": true
                    },
                    "max_target_capacity": {
                      "type": "string",
                      "description_kind": "plain",
                      "optional": true
                    },
                    "maximum": {
                      "type": "string",
                      "description_kind": "plain",
                      "optional": true
                    },
                    "metric_name": {
                      "type": "string",
                      "description_kind": "plain",
                      "required": true
                    },
                    "min_target_capacity": {
                      "type": "string",
                      "description_kind": "plain",
                      "optional": true
                    },
                    "minimum": {
                      "type": "string",
                      "description_kind": "plain",
                      "optional": true
                    },
                    "namespace": {
                      "type": "string",
                      "description_kind": "plain",
                      "required": true
                    },
                    "operator": {
                      "type": "string",
                      "description_kind": "plain",
                      "optional": true,
                      "computed": true
                    },
                    "period": {
                      "type": "number",
                      "description_kind": "plain",
                      "optional": true,
                      "computed": true
                    },
                    "policy_name": {
                      "type": "string",
                      "description_kind": "plain",
                      "required": true
                    },
                    "statistic": {
                      "type": "string",
                      "description_kind": "plain",
                      "optional": true,
                      "computed": true
                    },
                    "target": {
                      "type": "string",
                      "description_kind": "plain",
                      "optional": true
                    },
                    "threshold": {
                      "type": "number",
                      "description_kind": "plain",
                      "required": true
                    },
                    "unit": {
                      "type": "string",
                      "description_kind": "plain",
                      "required": true
                    }
                  },
                  "description_kind": "plain"
                }
              },
              "termination_policies": {
                "nesting_mode": "list",
                "block": {
                  "block_types": {
                    "statements": {
                      "nesting_mode": "list",
                      "block": {
                        "attributes": {
                          "evaluation_periods": {
                            "type": "number",
                            "description_kind": "plain",
                            "optional": true
                          },
                          "metric_name": {
                            "type": "string",
                            "description_kind": "plain",
                            "required": true
                          },
                          "namespace": {
                            "type": "string",
                            "description_kind": "plain",
                            "required": true
                          },
                          "operator": {
                            "type": "string",
                            "description_kind": "plain",
                            "optional": true
                          },
                          "period": {
                            "type": "number",
                            "description_kind": "plain",
                            "optional": true
                          },
                          "statistic": {
                            "type": "string",
                            "description_kind": "plain",
                            "optional": true
                          },
                          "threshold": {
                            "type": "number",
                            "description_kind": "plain",
                            "required": true
                          },
                          "unit": {
                            "type": "string",
                            "description_kind": "plain",
                            "optional": true
                          }
                        },
                        "description_kind": "plain"
                      },
                      "min_items": 1
                    }
                  },
                  "description_kind": "plain"
                }
              }
            },
            "description_kind": "plain"
          }
        },
        "spotinst_multai_balancer": {
          "version": 0,
          "block": {
            "attributes": {
              "dns_cname_aliases": {
                "type": [
                  "list",
                  "string"
                ],
                "description_kind": "plain",
                "optional": true
              },
              "id": {
                "type": "string",
                "description_kind": "plain",
                "optional": true,
                "computed": true
              },
              "name": {
                "type": "string",
                "description_kind": "plain",
                "required": true
              },
              "scheme": {
                "type": "string",
                "description_kind": "plain",
                "optional": true
              }
            },
            "block_types": {
              "connection_timeouts": {
                "nesting_mode": "set",
                "block": {
                  "attributes": {
                    "draining": {
                      "type": "number",
                      "description_kind": "plain",
                      "optional": true
                    },
                    "idle": {
                      "type": "number",
                      "description_kind": "plain",
                      "optional": true
                    }
                  },
                  "description_kind": "plain"
                },
                "max_items": 1
              },
              "tags": {
                "nesting_mode": "set",
                "block": {
                  "attributes": {
                    "key": {
                      "type": "string",
                      "description_kind": "plain",
                      "required": true
                    },
                    "value": {
                      "type": "string",
                      "description_kind": "plain",
                      "required": true
                    }
                  },
                  "description_kind": "plain"
                }
              }
            },
            "description_kind": "plain"
          }
        },
        "spotinst_multai_deployment": {
          "version": 0,
          "block": {
            "attributes": {
              "id": {
                "type": "string",
                "description_kind": "plain",
                "optional": true,
                "computed": true
              },
              "name": {
                "type": "string",
                "description_kind": "plain",
                "required": true
              }
            },
            "description_kind": "plain"
          }
        },
        "spotinst_multai_listener": {
          "version": 0,
          "block": {
            "attributes": {
              "balancer_id": {
                "type": "string",
                "description_kind": "plain",
                "required": true
              },
              "id": {
                "type": "string",
                "description_kind": "plain",
                "optional": true,
                "computed": true
              },
              "port": {
                "type": "number",
                "description_kind": "plain",
                "required": true
              },
              "protocol": {
                "type": "string",
                "description_kind": "plain",
                "required": true
              }
            },
            "block_types": {
              "tags": {
                "nesting_mode": "set",
                "block": {
                  "attributes": {
                    "key": {
                      "type": "string",
                      "description_kind": "plain",
                      "required": true
                    },
                    "value": {
                      "type": "string",
                      "description_kind": "plain",
                      "required": true
                    }
                  },
                  "description_kind": "plain"
                }
              },
              "tls_config": {
                "nesting_mode": "set",
                "block": {
                  "attributes": {
                    "certificate_ids": {
                      "type": [
                        "list",
                        "string"
                      ],
                      "description_kind": "plain",
                      "required": true
                    },
                    "cipher_suites": {
                      "type": [
                        "list",
                        "string"
                      ],
                      "description_kind": "plain",
                      "required": true
                    },
                    "max_version": {
                      "type": "string",
                      "description_kind": "plain",
                      "required": true
                    },
                    "min_version": {
                      "type": "string",
                      "description_kind": "plain",
                      "required": true
                    },
                    "prefer_server_cipher_suites": {
                      "type": "bool",
                      "description_kind": "plain",
                      "required": true
                    },
                    "session_tickets_disabled": {
                      "type": "bool",
                      "description_kind": "plain",
                      "required": true
                    }
                  },
                  "description_kind": "plain"
                },
                "max_items": 1
              }
            },
            "description_kind": "plain"
          }
        },
        "spotinst_multai_routing_rule": {
          "version": 0,
          "block": {
            "attributes": {
              "balancer_id": {
                "type": "string",
                "description_kind": "plain",
                "required": true
              },
              "id": {
                "type": "string",
                "description_kind": "plain",
                "optional": true,
                "computed": true
              },
              "listener_id": {
                "type": "string",
                "description_kind": "plain",
                "required": true
              },
              "middleware_ids": {
                "type": [
                  "list",
                  "string"
                ],
                "description_kind": "plain",
                "optional": true
              },
              "priority": {
                "type": "number",
                "description_kind": "plain",
                "optional": true
              },
              "route": {
                "type": "string",
                "description_kind": "plain",
                "required": true
              },
              "strategy": {
                "type": "string",
                "description_kind": "plain",
                "optional": true
              },
              "target_set_ids": {
                "type": [
                  "list",
                  "string"
                ],
                "description_kind": "plain",
                "required": true
              }
            },
            "block_types": {
              "tags": {
                "nesting_mode": "set",
                "block": {
                  "attributes": {
                    "key": {
                      "type": "string",
                      "description_kind": "plain",
                      "required": true
                    },
                    "value": {
                      "type": "string",
                      "description_kind": "plain",
                      "required": true
                    }
                  },
                  "description_kind": "plain"
                }
              }
            },
            "description_kind": "plain"
          }
        },
        "spotinst_multai_target": {
          "version": 0,
          "block": {
            "attributes": {
              "balancer_id": {
                "type": "string",
                "description_kind": "plain",
                "required": true
              },
              "host": {
                "type": "string",
                "description_kind": "plain",
                "required": true
              },
              "id": {
                "type": "string",
                "description_kind": "plain",
                "optional": true,
                "computed": true
              },
              "name": {
                "type": "string",
                "description_kind": "plain",
                "optional": true
              },
              "port": {
                "type": "number",
                "description_kind": "plain",
                "optional": true
              },
              "target_set_id": {
                "type": "string",
                "description_kind": "plain",
                "required": true
              },
              "weight": {
                "type": "number",
                "description_kind": "plain",
                "required": true
              }
            },
            "block_types": {
              "tags": {
                "nesting_mode": "set",
                "block": {
                  "attributes": {
                    "key": {
                      "type": "string",
                      "description_kind": "plain",
                      "required": true
                    },
                    "value": {
                      "type": "string",
                      "description_kind": "plain",
                      "required": true
                    }
                  },
                  "description_kind": "plain"
                }
              }
            },
            "description_kind": "plain"
          }
        },
        "spotinst_multai_target_set": {
          "version": 0,
          "block": {
            "attributes": {
              "balancer_id": {
                "type": "string",
                "description_kind": "plain",
                "required": true
              },
              "deployment_id": {
                "type": "string",
                "description_kind": "plain",
                "required": true
              },
              "id": {
                "type": "string",
                "description_kind": "plain",
                "optional": true,
                "computed": true
              },
              "name": {
                "type": "string",
                "description_kind": "plain",
                "optional": true
              },
              "port": {
                "type": "number",
                "description_kind": "plain",
                "optional": true
              },
              "protocol": {
                "type": "string",
                "description_kind": "plain",
                "required": true
              },
              "weight": {
                "type": "number",
                "description_kind": "plain",
                "required": true
              }
            },
            "block_types": {
              "health_check": {
                "nesting_mode": "set",
                "block": {
                  "attributes": {
                    "healthy_threshold": {
                      "type": "number",
                      "description_kind": "plain",
                      "required": true
                    },
                    "interval": {
                      "type": "number",
                      "description_kind": "plain",
                      "required": true
                    },
                    "path": {
                      "type": "string",
                      "description_kind": "plain",
                      "required": true
                    },
                    "port": {
                      "type": "number",
                      "description_kind": "plain",
                      "optional": true,
                      "computed": true
                    },
                    "protocol": {
                      "type": "string",
                      "description_kind": "plain",
                      "required": true
                    },
                    "timeout": {
                      "type": "number",
                      "description_kind": "plain",
                      "required": true
                    },
                    "unhealthy_threshold": {
                      "type": "number",
                      "description_kind": "plain",
                      "required": true
                    }
                  },
                  "description_kind": "plain"
                },
                "min_items": 1,
                "max_items": 1
              },
              "tags": {
                "nesting_mode": "set",
                "block": {
                  "attributes": {
                    "key": {
                      "type": "string",
                      "description_kind": "plain",
                      "required": true
                    },
                    "value": {
                      "type": "string",
                      "description_kind": "plain",
                      "required": true
                    }
                  },
                  "description_kind": "plain"
                }
              }
            },
            "description_kind": "plain"
          }
        },
        "spotinst_ocean_aks": {
          "version": 0,
          "block": {
            "attributes": {
              "acd_identifier": {
                "type": "string",
                "description_kind": "plain",
                "required": true
              },
              "aks_name": {
                "type": "string",
                "description_kind": "plain",
                "required": true
              },
              "aks_resource_group_name": {
                "type": "string",
                "description_kind": "plain",
                "required": true
              },
              "controller_cluster_id": {
                "type": "string",
                "description_kind": "plain",
                "optional": true,
                "computed": true
              },
              "custom_data": {
                "type": "string",
                "description_kind": "plain",
                "optional": true,
                "computed": true
              },
              "id": {
                "type": "string",
                "description_kind": "plain",
                "optional": true,
                "computed": true
              },
              "max_pods": {
                "type": "number",
                "description_kind": "plain",
                "optional": true
              },
              "name": {
                "type": "string",
                "description_kind": "plain",
                "required": true
              },
              "resource_group_name": {
                "type": "string",
                "description_kind": "plain",
                "optional": true,
                "computed": true
              },
              "ssh_public_key": {
                "type": "string",
                "description_kind": "plain",
                "required": true
              },
              "user_name": {
                "type": "string",
                "description_kind": "plain",
                "optional": true,
                "computed": true
              },
              "zones": {
                "type": [
                  "list",
                  "string"
                ],
                "description_kind": "plain",
                "optional": true,
                "computed": true
              }
            },
            "block_types": {
              "autoscaler": {
                "nesting_mode": "list",
                "block": {
                  "attributes": {
                    "autoscale_is_enabled": {
                      "type": "bool",
                      "description_kind": "plain",
                      "optional": true,
                      "computed": true
                    }
                  },
                  "block_types": {
                    "autoscale_down": {
                      "nesting_mode": "list",
                      "block": {
                        "attributes": {
                          "max_scale_down_percentage": {
                            "type": "number",
                            "description_kind": "plain",
                            "optional": true,
                            "computed": true
                          }
                        },
                        "description_kind": "plain"
                      },
                      "max_items": 1
                    },
                    "autoscale_headroom": {
                      "nesting_mode": "list",
                      "block": {
                        "block_types": {
                          "automatic": {
                            "nesting_mode": "list",
                            "block": {
                              "attributes": {
                                "is_enabled": {
                                  "type": "bool",
                                  "description_kind": "plain",
                                  "optional": true,
                                  "computed": true
                                },
                                "percentage": {
                                  "type": "number",
                                  "description_kind": "plain",
                                  "optional": true,
                                  "computed": true
                                }
                              },
                              "description_kind": "plain"
                            },
                            "max_items": 1
                          }
                        },
                        "description_kind": "plain"
                      },
                      "max_items": 1
                    },
                    "resource_limits": {
                      "nesting_mode": "list",
                      "block": {
                        "attributes": {
                          "max_memory_gib": {
                            "type": "number",
                            "description_kind": "plain",
                            "optional": true,
                            "computed": true
                          },
                          "max_vcpu": {
                            "type": "number",
                            "description_kind": "plain",
                            "optional": true
                          }
                        },
                        "description_kind": "plain"
                      },
                      "max_items": 1
                    }
                  },
                  "description_kind": "plain"
                },
                "max_items": 1
              },
              "extension": {
                "nesting_mode": "set",
                "block": {
                  "attributes": {
                    "api_version": {
                      "type": "string",
                      "description_kind": "plain",
                      "optional": true,
                      "computed": true
                    },
                    "minor_version_auto_upgrade": {
                      "type": "bool",
                      "description_kind": "plain",
                      "optional": true,
                      "computed": true
                    },
                    "name": {
                      "type": "string",
                      "description_kind": "plain",
                      "optional": true,
                      "computed": true
                    },
                    "publisher": {
                      "type": "string",
                      "description_kind": "plain",
                      "optional": true,
                      "computed": true
                    },
                    "type": {
                      "type": "string",
                      "description_kind": "plain",
                      "optional": true,
                      "computed": true
                    }
                  },
                  "description_kind": "plain"
                }
              },
              "health": {
                "nesting_mode": "list",
                "block": {
                  "attributes": {
                    "grace_period": {
                      "type": "number",
                      "description_kind": "plain",
                      "optional": true
                    }
                  },
                  "description_kind": "plain"
                },
                "max_items": 1
              },
              "image": {
                "nesting_mode": "list",
                "block": {
                  "block_types": {
                    "marketplace": {
                      "nesting_mode": "list",
                      "block": {
                        "attributes": {
                          "offer": {
                            "type": "string",
                            "description_kind": "plain",
                            "optional": true,
                            "computed": true
                          },
                          "publisher": {
                            "type": "string",
                            "description_kind": "plain",
                            "optional": true,
                            "computed": true
                          },
                          "sku": {
                            "type": "string",
                            "description_kind": "plain",
                            "optional": true,
                            "computed": true
                          },
                          "version": {
                            "type": "string",
                            "description_kind": "plain",
                            "optional": true,
                            "computed": true
                          }
                        },
                        "description_kind": "plain"
                      }
                    }
                  },
                  "description_kind": "plain"
                }
              },
              "load_balancer": {
                "nesting_mode": "set",
                "block": {
                  "attributes": {
                    "backend_pool_names": {
                      "type": [
                        "list",
                        "string"
                      ],
                      "description_kind": "plain",
                      "optional": true,
                      "computed": true
                    },
                    "load_balancer_sku": {
                      "type": "string",
                      "description_kind": "plain",
                      "optional": true,
                      "computed": true
                    },
                    "name": {
                      "type": "string",
                      "description_kind": "plain",
                      "optional": true,
                      "computed": true
                    },
                    "resource_group_name": {
                      "type": "string",
                      "description_kind": "plain",
                      "optional": true,
                      "computed": true
                    },
                    "type": {
                      "type": "string",
                      "description_kind": "plain",
                      "optional": true,
                      "computed": true
                    }
                  },
                  "description_kind": "plain"
                }
              },
              "managed_service_identity": {
                "nesting_mode": "set",
                "block": {
                  "attributes": {
                    "name": {
                      "type": "string",
                      "description_kind": "plain",
                      "required": true
                    },
                    "resource_group_name": {
                      "type": "string",
                      "description_kind": "plain",
                      "required": true
                    }
                  },
                  "description_kind": "plain"
                }
              },
              "network": {
                "nesting_mode": "list",
                "block": {
                  "attributes": {
                    "resource_group_name": {
                      "type": "string",
                      "description_kind": "plain",
                      "optional": true,
                      "computed": true
                    },
                    "virtual_network_name": {
                      "type": "string",
                      "description_kind": "plain",
                      "optional": true,
                      "computed": true
                    }
                  },
                  "block_types": {
                    "network_interface": {
                      "nesting_mode": "set",
                      "block": {
                        "attributes": {
                          "assign_public_ip": {
                            "type": "bool",
                            "description_kind": "plain",
                            "optional": true,
                            "computed": true
                          },
                          "is_primary": {
                            "type": "bool",
                            "description_kind": "plain",
                            "optional": true,
                            "computed": true
                          },
                          "subnet_name": {
                            "type": "string",
                            "description_kind": "plain",
                            "optional": true,
                            "computed": true
                          }
                        },
                        "block_types": {
                          "additional_ip_config": {
                            "nesting_mode": "set",
                            "block": {
                              "attributes": {
                                "name": {
                                  "type": "string",
                                  "description_kind": "plain",
                                  "optional": true,
                                  "computed": true
                                },
                                "private_ip_version": {
                                  "type": "string",
                                  "description_kind": "plain",
                                  "optional": true,
                                  "computed": true
                                }
                              },
                              "description_kind": "plain"
                            }
                          },
                          "security_group": {
                            "nesting_mode": "list",
                            "block": {
                              "attributes": {
                                "name": {
                                  "type": "string",
                                  "description_kind": "plain",
                                  "optional": true,
                                  "computed": true
                                },
                                "resource_group_name": {
                                  "type": "string",
                                  "description_kind": "plain",
                                  "optional": true,
                                  "computed": true
                                }
                              },
                              "description_kind": "plain"
                            },
                            "max_items": 1
                          }
                        },
                        "description_kind": "plain"
                      }
                    }
                  },
                  "description_kind": "plain"
                },
                "max_items": 1
              },
              "os_disk": {
                "nesting_mode": "list",
                "block": {
                  "attributes": {
                    "size_gb": {
                      "type": "number",
                      "description_kind": "plain",
                      "required": true
                    },
                    "type": {
                      "type": "string",
                      "description_kind": "plain",
                      "optional": true
                    }
                  },
                  "description_kind": "plain"
                },
                "max_items": 1
              },
              "strategy": {
                "nesting_mode": "list",
                "block": {
                  "attributes": {
                    "fallback_to_ondemand": {
                      "type": "bool",
                      "description_kind": "plain",
                      "optional": true
                    },
                    "spot_percentage": {
                      "type": "number",
                      "description_kind": "plain",
                      "optional": true
                    }
                  },
                  "description_kind": "plain"
                }
              },
              "tag": {
                "nesting_mode": "set",
                "block": {
                  "attributes": {
                    "key": {
                      "type": "string",
                      "description_kind": "plain",
                      "optional": true
                    },
                    "value": {
                      "type": "string",
                      "description_kind": "plain",
                      "optional": true
                    }
                  },
                  "description_kind": "plain"
                }
              },
              "vm_sizes": {
                "nesting_mode": "list",
                "block": {
                  "attributes": {
                    "whitelist": {
                      "type": [
                        "list",
                        "string"
                      ],
                      "description_kind": "plain",
                      "optional": true
                    }
                  },
                  "description_kind": "plain"
                }
              }
            },
            "description_kind": "plain"
          }
        },
        "spotinst_ocean_aks_np": {
          "version": 0,
          "block": {
            "attributes": {
              "aks_cluster_name": {
                "type": "string",
                "description_kind": "plain",
                "required": true
              },
              "aks_infrastructure_resource_group_name": {
                "type": "string",
                "description_kind": "plain",
                "required": true
              },
              "aks_region": {
                "type": "string",
                "description_kind": "plain",
                "required": true
              },
              "aks_resource_group_name": {
                "type": "string",
                "description_kind": "plain",
                "required": true
              },
              "availability_zones": {
                "type": [
                  "list",
                  "string"
                ],
                "description_kind": "plain",
                "optional": true,
                "computed": true
              },
              "controller_cluster_id": {
                "type": "string",
                "description_kind": "plain",
                "optional": true,
                "computed": true
              },
              "enable_node_public_ip": {
                "type": "bool",
                "description_kind": "plain",
                "optional": true
              },
              "fallback_to_ondemand": {
                "type": "bool",
                "description_kind": "plain",
                "optional": true
              },
              "id": {
                "type": "string",
                "description_kind": "plain",
                "optional": true,
                "computed": true
              },
              "labels": {
                "type": [
                  "map",
                  "string"
                ],
                "description_kind": "plain",
                "optional": true
              },
              "max_count": {
                "type": "number",
                "description_kind": "plain",
                "optional": true
              },
              "max_pods_per_node": {
                "type": "number",
                "description_kind": "plain",
                "optional": true
              },
              "min_count": {
                "type": "number",
                "description_kind": "plain",
                "optional": true
              },
              "name": {
                "type": "string",
                "description_kind": "plain",
                "required": true
              },
              "os_disk_size_gb": {
                "type": "number",
                "description_kind": "plain",
                "optional": true
              },
              "os_disk_type": {
                "type": "string",
                "description_kind": "plain",
                "optional": true
              },
              "os_type": {
                "type": "string",
                "description_kind": "plain",
                "optional": true
              },
              "spot_percentage": {
                "type": "number",
                "description_kind": "plain",
                "optional": true
              },
              "tags": {
                "type": [
                  "map",
                  "string"
                ],
                "description_kind": "plain",
                "optional": true
              }
            },
            "block_types": {
              "autoscaler": {
                "nesting_mode": "list",
                "block": {
                  "attributes": {
                    "autoscale_is_enabled": {
                      "type": "bool",
                      "description_kind": "plain",
                      "optional": true
                    }
                  },
                  "block_types": {
                    "autoscale_down": {
                      "nesting_mode": "list",
                      "block": {
                        "attributes": {
                          "max_scale_down_percentage": {
                            "type": "number",
                            "description_kind": "plain",
                            "optional": true
                          }
                        },
                        "description_kind": "plain"
                      },
                      "max_items": 1
                    },
                    "autoscale_headroom": {
                      "nesting_mode": "list",
                      "block": {
                        "block_types": {
                          "automatic": {
                            "nesting_mode": "list",
                            "block": {
                              "attributes": {
                                "is_enabled": {
                                  "type": "bool",
                                  "description_kind": "plain",
                                  "optional": true
                                },
                                "percentage": {
                                  "type": "number",
                                  "description_kind": "plain",
                                  "optional": true,
                                  "computed": true
                                }
                              },
                              "description_kind": "plain"
                            },
                            "max_items": 1
                          }
                        },
                        "description_kind": "plain"
                      },
                      "max_items": 1
                    },
                    "resource_limits": {
                      "nesting_mode": "list",
                      "block": {
                        "attributes": {
                          "max_memory_gib": {
                            "type": "number",
                            "description_kind": "plain",
                            "optional": true
                          },
                          "max_vcpu": {
                            "type": "number",
                            "description_kind": "plain",
                            "optional": true
                          }
                        },
                        "description_kind": "plain"
                      },
                      "max_items": 1
                    }
                  },
                  "description_kind": "plain"
                },
                "max_items": 1
              },
              "health": {
                "nesting_mode": "list",
                "block": {
                  "attributes": {
                    "grace_period": {
                      "type": "number",
                      "description_kind": "plain",
                      "optional": true
                    }
                  },
                  "description_kind": "plain"
                },
                "max_items": 1
              },
              "taints": {
                "nesting_mode": "set",
                "block": {
                  "attributes": {
                    "effect": {
                      "type": "string",
                      "description_kind": "plain",
                      "required": true
                    },
                    "key": {
                      "type": "string",
                      "description_kind": "plain",
                      "required": true
                    },
                    "value": {
                      "type": "string",
                      "description_kind": "plain",
                      "required": true
                    }
                  },
                  "description_kind": "plain"
                }
              }
            },
            "description_kind": "plain"
          }
        },
        "spotinst_ocean_aks_np_virtual_node_group": {
          "version": 0,
          "block": {
            "attributes": {
              "availability_zones": {
                "type": [
                  "list",
                  "string"
                ],
                "description_kind": "plain",
                "optional": true
              },
              "enable_node_public_ip": {
                "type": "bool",
                "description_kind": "plain",
                "optional": true
              },
              "fallback_to_ondemand": {
                "type": "bool",
                "description_kind": "plain",
                "optional": true
              },
              "id": {
                "type": "string",
                "description_kind": "plain",
                "optional": true,
                "computed": true
              },
              "labels": {
                "type": [
                  "map",
                  "string"
                ],
                "description_kind": "plain",
                "optional": true
              },
              "max_count": {
                "type": "number",
                "description_kind": "plain",
                "optional": true
              },
              "max_pods_per_node": {
                "type": "number",
                "description_kind": "plain",
                "optional": true
              },
              "min_count": {
                "type": "number",
                "description_kind": "plain",
                "optional": true
              },
              "name": {
                "type": "string",
                "description_kind": "plain",
                "required": true
              },
              "ocean_id": {
                "type": "string",
                "description_kind": "plain",
                "required": true
              },
              "os_disk_size_gb": {
                "type": "number",
                "description_kind": "plain",
                "optional": true
              },
              "os_disk_type": {
                "type": "string",
                "description_kind": "plain",
                "optional": true
              },
              "os_type": {
                "type": "string",
                "description_kind": "plain",
                "optional": true
              },
              "spot_percentage": {
                "type": "number",
                "description_kind": "plain",
                "optional": true
              },
              "tags": {
                "type": [
                  "map",
                  "string"
                ],
                "description_kind": "plain",
                "optional": true
              }
            },
            "block_types": {
              "headrooms": {
                "nesting_mode": "set",
                "block": {
                  "attributes": {
                    "cpu_per_unit": {
                      "type": "number",
                      "description_kind": "plain",
                      "optional": true
                    },
                    "gpu_per_unit": {
                      "type": "number",
                      "description_kind": "plain",
                      "optional": true
                    },
                    "memory_per_unit": {
                      "type": "number",
                      "description_kind": "plain",
                      "optional": true
                    },
                    "num_of_units": {
                      "type": "number",
                      "description_kind": "plain",
                      "required": true
                    }
                  },
                  "description_kind": "plain"
                }
              },
              "taints": {
                "nesting_mode": "set",
                "block": {
                  "attributes": {
                    "effect": {
                      "type": "string",
                      "description_kind": "plain",
                      "required": true
                    },
                    "key": {
                      "type": "string",
                      "description_kind": "plain",
                      "required": true
                    },
                    "value": {
                      "type": "string",
                      "description_kind": "plain",
                      "required": true
                    }
                  },
                  "description_kind": "plain"
                }
              }
            },
            "description_kind": "plain"
          }
        },
        "spotinst_ocean_aks_virtual_node_group": {
          "version": 0,
          "block": {
            "attributes": {
              "id": {
                "type": "string",
                "description_kind": "plain",
                "optional": true,
                "computed": true
              },
              "name": {
                "type": "string",
                "description_kind": "plain",
                "required": true
              },
              "ocean_id": {
                "type": "string",
                "description_kind": "plain",
                "required": true
              },
              "zones": {
                "type": [
                  "list",
                  "string"
                ],
                "description_kind": "plain",
                "optional": true
              }
            },
            "block_types": {
              "autoscale": {
                "nesting_mode": "list",
                "block": {
                  "attributes": {
                    "auto_headroom_percentage": {
                      "type": "number",
                      "description_kind": "plain",
                      "optional": true
                    }
                  },
                  "block_types": {
                    "autoscale_headroom": {
                      "nesting_mode": "set",
                      "block": {
                        "attributes": {
                          "cpu_per_unit": {
                            "type": "number",
                            "description_kind": "plain",
                            "optional": true
                          },
                          "gpu_per_unit": {
                            "type": "number",
                            "description_kind": "plain",
                            "optional": true
                          },
                          "memory_per_unit": {
                            "type": "number",
                            "description_kind": "plain",
                            "optional": true
                          },
                          "num_of_units": {
                            "type": "number",
                            "description_kind": "plain",
                            "required": true
                          }
                        },
                        "description_kind": "plain"
                      }
                    }
                  },
                  "description_kind": "plain"
                }
              },
              "label": {
                "nesting_mode": "set",
                "block": {
                  "attributes": {
                    "key": {
                      "type": "string",
                      "description_kind": "plain",
                      "required": true
                    },
                    "value": {
                      "type": "string",
                      "description_kind": "plain",
                      "optional": true
                    }
                  },
                  "description_kind": "plain"
                }
              },
              "launch_specification": {
                "nesting_mode": "list",
                "block": {
                  "attributes": {
                    "max_pods": {
                      "type": "number",
                      "description_kind": "plain",
                      "optional": true
                    }
                  },
                  "block_types": {
                    "os_disk": {
                      "nesting_mode": "list",
                      "block": {
                        "attributes": {
                          "size_gb": {
                            "type": "number",
                            "description_kind": "plain",
                            "required": true
                          },
                          "type": {
                            "type": "string",
                            "description_kind": "plain",
                            "optional": true
                          },
                          "utilize_ephemeral_storage": {
                            "type": "bool",
                            "description_kind": "plain",
                            "optional": true
                          }
                        },
                        "description_kind": "plain"
                      },
                      "max_items": 1
                    },
                    "tag": {
                      "nesting_mode": "set",
                      "block": {
                        "attributes": {
                          "key": {
                            "type": "string",
                            "description_kind": "plain",
                            "optional": true
                          },
                          "value": {
                            "type": "string",
                            "description_kind": "plain",
                            "optional": true
                          }
                        },
                        "description_kind": "plain"
                      }
                    }
                  },
                  "description_kind": "plain"
                }
              },
              "resource_limits": {
                "nesting_mode": "list",
                "block": {
                  "attributes": {
                    "max_instance_count": {
                      "type": "number",
                      "description_kind": "plain",
                      "optional": true
                    }
                  },
                  "description_kind": "plain"
                }
              },
              "taint": {
                "nesting_mode": "set",
                "block": {
                  "attributes": {
                    "effect": {
                      "type": "string",
                      "description_kind": "plain",
                      "required": true
                    },
                    "key": {
                      "type": "string",
                      "description_kind": "plain",
                      "required": true
                    },
                    "value": {
                      "type": "string",
                      "description_kind": "plain",
                      "required": true
                    }
                  },
                  "description_kind": "plain"
                }
              }
            },
            "description_kind": "plain"
          }
        },
        "spotinst_ocean_aws": {
          "version": 0,
          "block": {
            "attributes": {
              "associate_ipv6_address": {
                "type": "bool",
                "description_kind": "plain",
                "optional": true
              },
              "associate_public_ip_address": {
                "type": "bool",
                "description_kind": "plain",
                "optional": true
              },
              "blacklist": {
                "type": [
                  "list",
                  "string"
                ],
                "description_kind": "plain",
                "optional": true
              },
              "controller_id": {
                "type": "string",
                "description_kind": "plain",
                "optional": true
              },
              "desired_capacity": {
                "type": "number",
                "description_kind": "plain",
                "optional": true,
                "computed": true
              },
              "draining_timeout": {
                "type": "number",
                "description_kind": "plain",
                "optional": true
              },
              "ebs_optimized": {
                "type": "bool",
                "description_kind": "plain",
                "optional": true
              },
              "fallback_to_ondemand": {
                "type": "bool",
                "description_kind": "plain",
                "optional": true
              },
              "grace_period": {
                "type": "number",
                "description_kind": "plain",
                "optional": true
              },
              "iam_instance_profile": {
                "type": "string",
                "description_kind": "plain",
                "optional": true
              },
              "id": {
                "type": "string",
                "description_kind": "plain",
                "optional": true,
                "computed": true
              },
              "image_id": {
                "type": "string",
                "description_kind": "plain",
                "optional": true
              },
              "key_name": {
                "type": "string",
                "description_kind": "plain",
                "optional": true
              },
              "max_size": {
                "type": "number",
                "description_kind": "plain",
                "optional": true
              },
              "min_size": {
                "type": "number",
                "description_kind": "plain",
                "optional": true,
                "computed": true
              },
              "monitoring": {
                "type": "bool",
                "description_kind": "plain",
                "optional": true
              },
              "name": {
                "type": "string",
                "description_kind": "plain",
                "optional": true
              },
              "region": {
                "type": "string",
                "description_kind": "plain",
                "optional": true
              },
              "root_volume_size": {
                "type": "number",
                "description_kind": "plain",
                "optional": true
              },
              "security_groups": {
                "type": [
                  "list",
                  "string"
                ],
                "description_kind": "plain",
                "required": true
              },
              "spot_percentage": {
                "type": "number",
                "description_kind": "plain",
                "optional": true
              },
              "spread_nodes_by": {
                "type": "string",
                "description_kind": "plain",
                "optional": true
              },
              "subnet_ids": {
                "type": [
                  "list",
                  "string"
                ],
                "description_kind": "plain",
                "required": true
              },
              "use_as_template_only": {
                "type": "bool",
                "description_kind": "plain",
                "optional": true
              },
              "user_data": {
                "type": "string",
                "description_kind": "plain",
                "optional": true
              },
              "utilize_commitments": {
                "type": "bool",
                "description_kind": "plain",
                "optional": true
              },
              "utilize_reserved_instances": {
                "type": "bool",
                "description_kind": "plain",
                "optional": true
              },
              "whitelist": {
                "type": [
                  "list",
                  "string"
                ],
                "description_kind": "plain",
                "optional": true
              }
            },
            "block_types": {
              "autoscaler": {
                "nesting_mode": "list",
                "block": {
                  "attributes": {
                    "auto_headroom_percentage": {
                      "type": "number",
                      "description_kind": "plain",
                      "optional": true
                    },
                    "autoscale_cooldown": {
                      "type": "number",
                      "description_kind": "plain",
                      "optional": true
                    },
                    "autoscale_is_auto_config": {
                      "type": "bool",
                      "description_kind": "plain",
                      "optional": true
                    },
                    "autoscale_is_enabled": {
                      "type": "bool",
                      "description_kind": "plain",
                      "optional": true
                    },
                    "enable_automatic_and_manual_headroom": {
                      "type": "bool",
                      "description_kind": "plain",
                      "optional": true
                    },
                    "extended_resource_definitions": {
                      "type": [
                        "list",
                        "string"
                      ],
                      "description_kind": "plain",
                      "optional": true
                    }
                  },
                  "block_types": {
                    "autoscale_down": {
                      "nesting_mode": "list",
                      "block": {
                        "attributes": {
                          "evaluation_periods": {
                            "type": "number",
                            "description_kind": "plain",
                            "optional": true
                          },
                          "max_scale_down_percentage": {
                            "type": "number",
                            "description_kind": "plain",
                            "optional": true
                          }
                        },
                        "description_kind": "plain"
                      },
                      "max_items": 1
                    },
                    "autoscale_headroom": {
                      "nesting_mode": "list",
                      "block": {
                        "attributes": {
                          "cpu_per_unit": {
                            "type": "number",
                            "description_kind": "plain",
                            "optional": true
                          },
                          "gpu_per_unit": {
                            "type": "number",
                            "description_kind": "plain",
                            "optional": true
                          },
                          "memory_per_unit": {
                            "type": "number",
                            "description_kind": "plain",
                            "optional": true
                          },
                          "num_of_units": {
                            "type": "number",
                            "description_kind": "plain",
                            "optional": true
                          }
                        },
                        "description_kind": "plain"
                      },
                      "max_items": 1
                    },
                    "resource_limits": {
                      "nesting_mode": "list",
                      "block": {
                        "attributes": {
                          "max_memory_gib": {
                            "type": "number",
                            "description_kind": "plain",
                            "optional": true
                          },
                          "max_vcpu": {
                            "type": "number",
                            "description_kind": "plain",
                            "optional": true
                          }
                        },
                        "description_kind": "plain"
                      },
                      "max_items": 1
                    }
                  },
                  "description_kind": "plain"
                },
                "max_items": 1
              },
              "block_device_mappings": {
                "nesting_mode": "list",
                "block": {
                  "attributes": {
                    "device_name": {
                      "type": "string",
                      "description_kind": "plain",
                      "optional": true
                    }
                  },
                  "block_types": {
                    "ebs": {
                      "nesting_mode": "list",
                      "block": {
                        "attributes": {
                          "delete_on_termination": {
                            "type": "bool",
                            "description_kind": "plain",
                            "optional": true,
                            "computed": true
                          },
                          "encrypted": {
                            "type": "bool",
                            "description_kind": "plain",
                            "optional": true,
                            "computed": true
                          },
                          "iops": {
                            "type": "number",
                            "description_kind": "plain",
                            "optional": true
                          },
                          "kms_key_id": {
                            "type": "string",
                            "description_kind": "plain",
                            "optional": true
                          },
                          "snapshot_id": {
                            "type": "string",
                            "description_kind": "plain",
                            "optional": true
                          },
                          "throughput": {
                            "type": "number",
                            "description_kind": "plain",
                            "optional": true
                          },
                          "volume_size": {
                            "type": "number",
                            "description_kind": "plain",
                            "optional": true
                          },
                          "volume_type": {
                            "type": "string",
                            "description_kind": "plain",
                            "optional": true,
                            "computed": true
                          }
                        },
                        "block_types": {
                          "dynamic_volume_size": {
                            "nesting_mode": "list",
                            "block": {
                              "attributes": {
                                "base_size": {
                                  "type": "number",
                                  "description_kind": "plain",
                                  "required": true
                                },
                                "resource": {
                                  "type": "string",
                                  "description_kind": "plain",
                                  "required": true
                                },
                                "size_per_resource_unit": {
                                  "type": "number",
                                  "description_kind": "plain",
                                  "required": true
                                }
                              },
                              "description_kind": "plain"
                            },
                            "max_items": 1
                          }
                        },
                        "description_kind": "plain"
                      },
                      "max_items": 1
                    }
                  },
                  "description_kind": "plain"
                }
              },
              "cluster_orientation": {
                "nesting_mode": "list",
                "block": {
                  "attributes": {
                    "availability_vs_cost": {
                      "type": "string",
                      "description_kind": "plain",
                      "optional": true
                    }
                  },
                  "description_kind": "plain"
                }
              },
              "filters": {
                "nesting_mode": "list",
                "block": {
                  "attributes": {
                    "architectures": {
                      "type": [
                        "set",
                        "string"
                      ],
                      "description_kind": "plain",
                      "optional": true
                    },
                    "categories": {
                      "type": [
                        "set",
                        "string"
                      ],
                      "description_kind": "plain",
                      "optional": true
                    },
                    "disk_types": {
                      "type": [
                        "set",
                        "string"
                      ],
                      "description_kind": "plain",
                      "optional": true
                    },
                    "exclude_families": {
                      "type": [
                        "set",
                        "string"
                      ],
                      "description_kind": "plain",
                      "optional": true
                    },
                    "exclude_metal": {
                      "type": "bool",
                      "description_kind": "plain",
                      "optional": true
                    },
                    "hypervisor": {
                      "type": [
                        "set",
                        "string"
                      ],
                      "description_kind": "plain",
                      "optional": true
                    },
                    "include_families": {
                      "type": [
                        "set",
                        "string"
                      ],
                      "description_kind": "plain",
                      "optional": true
                    },
                    "is_ena_supported": {
                      "type": "string",
                      "description_kind": "plain",
                      "optional": true
                    },
                    "max_gpu": {
                      "type": "number",
                      "description_kind": "plain",
                      "optional": true
                    },
                    "max_memory_gib": {
                      "type": "number",
                      "description_kind": "plain",
                      "optional": true
                    },
                    "max_network_performance": {
                      "type": "number",
                      "description_kind": "plain",
                      "optional": true
                    },
                    "max_vcpu": {
                      "type": "number",
                      "description_kind": "plain",
                      "optional": true
                    },
                    "min_enis": {
                      "type": "number",
                      "description_kind": "plain",
                      "optional": true
                    },
                    "min_gpu": {
                      "type": "number",
                      "description_kind": "plain",
                      "optional": true
                    },
                    "min_memory_gib": {
                      "type": "number",
                      "description_kind": "plain",
                      "optional": true
                    },
                    "min_network_performance": {
                      "type": "number",
                      "description_kind": "plain",
                      "optional": true
                    },
                    "min_vcpu": {
                      "type": "number",
                      "description_kind": "plain",
                      "optional": true
                    },
                    "root_device_types": {
                      "type": [
                        "set",
                        "string"
                      ],
                      "description_kind": "plain",
                      "optional": true
                    },
                    "virtualization_types": {
                      "type": [
                        "set",
                        "string"
                      ],
                      "description_kind": "plain",
                      "optional": true
                    }
                  },
                  "description_kind": "plain"
                },
                "max_items": 1
              },
              "instance_metadata_options": {
                "nesting_mode": "list",
                "block": {
                  "attributes": {
                    "http_put_response_hop_limit": {
                      "type": "number",
                      "description_kind": "plain",
                      "optional": true
                    },
                    "http_tokens": {
                      "type": "string",
                      "description_kind": "plain",
                      "required": true
                    }
                  },
                  "description_kind": "plain"
                },
                "max_items": 1
              },
              "load_balancers": {
                "nesting_mode": "list",
                "block": {
                  "attributes": {
                    "arn": {
                      "type": "string",
                      "description_kind": "plain",
                      "optional": true
                    },
                    "name": {
                      "type": "string",
                      "description_kind": "plain",
                      "optional": true
                    },
                    "type": {
                      "type": "string",
                      "description_kind": "plain",
                      "optional": true
                    }
                  },
                  "description_kind": "plain"
                }
              },
              "logging": {
                "nesting_mode": "list",
                "block": {
                  "block_types": {
                    "export": {
                      "nesting_mode": "list",
                      "block": {
                        "block_types": {
                          "s3": {
                            "nesting_mode": "list",
                            "block": {
                              "attributes": {
                                "id": {
                                  "type": "string",
                                  "description_kind": "plain",
                                  "required": true
                                }
                              },
                              "description_kind": "plain"
                            }
                          }
                        },
                        "description_kind": "plain"
                      },
                      "max_items": 1
                    }
                  },
                  "description_kind": "plain"
                },
                "max_items": 1
              },
              "scheduled_task": {
                "nesting_mode": "set",
                "block": {
                  "block_types": {
                    "shutdown_hours": {
                      "nesting_mode": "list",
                      "block": {
                        "attributes": {
                          "is_enabled": {
                            "type": "bool",
                            "description_kind": "plain",
                            "optional": true
                          },
                          "time_windows": {
                            "type": [
                              "list",
                              "string"
                            ],
                            "description_kind": "plain",
                            "required": true
                          }
                        },
                        "description_kind": "plain"
                      },
                      "max_items": 1
                    },
                    "tasks": {
                      "nesting_mode": "list",
                      "block": {
                        "attributes": {
                          "cron_expression": {
                            "type": "string",
                            "description_kind": "plain",
                            "required": true
                          },
                          "is_enabled": {
                            "type": "bool",
                            "description_kind": "plain",
                            "required": true
                          },
                          "task_type": {
                            "type": "string",
                            "description_kind": "plain",
                            "required": true
                          }
                        },
                        "description_kind": "plain"
                      }
                    }
                  },
                  "description_kind": "plain"
                }
              },
              "tags": {
                "nesting_mode": "set",
                "block": {
                  "attributes": {
                    "key": {
                      "type": "string",
                      "description_kind": "plain",
                      "required": true
                    },
                    "value": {
                      "type": "string",
                      "description_kind": "plain",
                      "required": true
                    }
                  },
                  "description_kind": "plain"
                }
              },
              "update_policy": {
                "nesting_mode": "list",
                "block": {
                  "attributes": {
                    "auto_apply_tags": {
                      "type": "bool",
                      "description_kind": "plain",
                      "optional": true
                    },
                    "conditioned_roll": {
                      "type": "bool",
                      "description_kind": "plain",
                      "optional": true
                    },
                    "should_roll": {
                      "type": "bool",
                      "description_kind": "plain",
                      "required": true
                    }
                  },
                  "block_types": {
                    "roll_config": {
                      "nesting_mode": "list",
                      "block": {
                        "attributes": {
                          "batch_min_healthy_percentage": {
                            "type": "number",
                            "description_kind": "plain",
                            "optional": true
                          },
                          "batch_size_percentage": {
                            "type": "number",
                            "description_kind": "plain",
                            "required": true
                          },
                          "launch_spec_ids": {
                            "type": [
                              "list",
                              "string"
                            ],
                            "description_kind": "plain",
                            "optional": true
                          },
                          "respect_pdb": {
                            "type": "bool",
                            "description_kind": "plain",
                            "optional": true
                          }
                        },
                        "description_kind": "plain"
                      },
                      "max_items": 1
                    }
                  },
                  "description_kind": "plain"
                },
                "max_items": 1
              }
            },
            "description_kind": "plain"
          }
        },
        "spotinst_ocean_aws_extended_resource_definition": {
          "version": 0,
          "block": {
            "attributes": {
              "id": {
                "type": "string",
                "description_kind": "plain",
                "optional": true,
                "computed": true
              },
              "name": {
                "type": "string",
                "description_kind": "plain",
                "required": true
              },
              "resource_mapping": {
                "type": [
                  "map",
                  "string"
                ],
                "description_kind": "plain",
                "required": true
              }
            },
            "description_kind": "plain"
          }
        },
        "spotinst_ocean_aws_launch_spec": {
          "version": 0,
          "block": {
            "attributes": {
              "associate_public_ip_address": {
                "type": "bool",
                "description_kind": "plain",
                "optional": true
              },
              "iam_instance_profile": {
                "type": "string",
                "description_kind": "plain",
                "optional": true
              },
              "id": {
                "type": "string",
                "description_kind": "plain",
                "optional": true,
                "computed": true
              },
              "image_id": {
                "type": "string",
                "description_kind": "plain",
                "optional": true
              },
              "instance_types": {
                "type": [
                  "list",
                  "string"
                ],
                "description_kind": "plain",
                "optional": true
              },
              "name": {
                "type": "string",
                "description_kind": "plain",
                "optional": true
              },
              "ocean_id": {
                "type": "string",
                "description_kind": "plain",
                "required": true
              },
              "preferred_spot_types": {
                "type": [
                  "list",
                  "string"
                ],
                "description_kind": "plain",
                "optional": true
              },
              "restrict_scale_down": {
                "type": "bool",
                "description_kind": "plain",
                "optional": true
              },
              "root_volume_size": {
                "type": "number",
                "description_kind": "plain",
                "optional": true
              },
              "security_groups": {
                "type": [
                  "list",
                  "string"
                ],
                "description_kind": "plain",
                "optional": true
              },
              "subnet_ids": {
                "type": [
                  "list",
                  "string"
                ],
                "description_kind": "plain",
                "optional": true
              },
              "user_data": {
                "type": "string",
                "description_kind": "plain",
                "optional": true
              }
            },
            "block_types": {
              "autoscale_down": {
                "nesting_mode": "list",
                "block": {
                  "attributes": {
                    "max_scale_down_percentage": {
                      "type": "number",
                      "description_kind": "plain",
                      "optional": true
                    }
                  },
                  "description_kind": "plain"
                }
              },
              "autoscale_headrooms": {
                "nesting_mode": "set",
                "block": {
                  "attributes": {
                    "cpu_per_unit": {
                      "type": "number",
                      "description_kind": "plain",
                      "optional": true
                    },
                    "gpu_per_unit": {
                      "type": "number",
                      "description_kind": "plain",
                      "optional": true
                    },
                    "memory_per_unit": {
                      "type": "number",
                      "description_kind": "plain",
                      "optional": true
                    },
                    "num_of_units": {
                      "type": "number",
                      "description_kind": "plain",
                      "required": true
                    }
                  },
                  "description_kind": "plain"
                }
              },
              "autoscale_headrooms_automatic": {
                "nesting_mode": "list",
                "block": {
                  "attributes": {
                    "auto_headroom_percentage": {
                      "type": "number",
                      "description_kind": "plain",
                      "optional": true
                    }
                  },
                  "description_kind": "plain"
                }
              },
              "block_device_mappings": {
                "nesting_mode": "list",
                "block": {
                  "attributes": {
                    "device_name": {
                      "type": "string",
                      "description_kind": "plain",
                      "optional": true
                    },
                    "no_device": {
                      "type": "string",
                      "description_kind": "plain",
                      "optional": true
                    },
                    "virtual_name": {
                      "type": "string",
                      "description_kind": "plain",
                      "optional": true
                    }
                  },
                  "block_types": {
                    "ebs": {
                      "nesting_mode": "list",
                      "block": {
                        "attributes": {
                          "delete_on_termination": {
                            "type": "bool",
                            "description_kind": "plain",
                            "optional": true,
                            "computed": true
                          },
                          "encrypted": {
                            "type": "bool",
                            "description_kind": "plain",
                            "optional": true,
                            "computed": true
                          },
                          "iops": {
                            "type": "number",
                            "description_kind": "plain",
                            "optional": true
                          },
                          "kms_key_id": {
                            "type": "string",
                            "description_kind": "plain",
                            "optional": true
                          },
                          "snapshot_id": {
                            "type": "string",
                            "description_kind": "plain",
                            "optional": true
                          },
                          "throughput": {
                            "type": "number",
                            "description_kind": "plain",
                            "optional": true
                          },
                          "volume_size": {
                            "type": "number",
                            "description_kind": "plain",
                            "optional": true
                          },
                          "volume_type": {
                            "type": "string",
                            "description_kind": "plain",
                            "optional": true,
                            "computed": true
                          }
                        },
                        "block_types": {
                          "dynamic_volume_size": {
                            "nesting_mode": "list",
                            "block": {
                              "attributes": {
                                "base_size": {
                                  "type": "number",
                                  "description_kind": "plain",
                                  "required": true
                                },
                                "resource": {
                                  "type": "string",
                                  "description_kind": "plain",
                                  "required": true
                                },
                                "size_per_resource_unit": {
                                  "type": "number",
                                  "description_kind": "plain",
                                  "required": true
                                }
                              },
                              "description_kind": "plain"
                            },
                            "max_items": 1
                          }
                        },
                        "description_kind": "plain"
                      },
                      "max_items": 1
                    }
                  },
                  "description_kind": "plain"
                }
              },
              "create_options": {
                "nesting_mode": "list",
                "block": {
                  "attributes": {
                    "initial_nodes": {
                      "type": "number",
                      "description_kind": "plain",
                      "optional": true
                    }
                  },
                  "description_kind": "plain"
                },
                "max_items": 1
              },
              "delete_options": {
                "nesting_mode": "list",
                "block": {
                  "attributes": {
                    "delete_nodes": {
                      "type": "bool",
                      "description_kind": "plain",
                      "optional": true
                    },
                    "force_delete": {
                      "type": "bool",
                      "description_kind": "plain",
                      "required": true
                    }
                  },
                  "description_kind": "plain"
                },
                "max_items": 1
              },
              "elastic_ip_pool": {
                "nesting_mode": "set",
                "block": {
                  "block_types": {
                    "tag_selector": {
                      "nesting_mode": "list",
                      "block": {
                        "attributes": {
                          "tag_key": {
                            "type": "string",
                            "description_kind": "plain",
                            "required": true
                          },
                          "tag_value": {
                            "type": "string",
                            "description_kind": "plain",
                            "optional": true
                          }
                        },
                        "description_kind": "plain"
                      },
                      "max_items": 1
                    }
                  },
                  "description_kind": "plain"
                }
              },
              "images": {
                "nesting_mode": "list",
                "block": {
                  "attributes": {
                    "image_id": {
                      "type": "string",
                      "description_kind": "plain",
                      "optional": true
                    }
                  },
                  "description_kind": "plain"
                }
              },
              "instance_metadata_options": {
                "nesting_mode": "list",
                "block": {
                  "attributes": {
                    "http_put_response_hop_limit": {
                      "type": "number",
                      "description_kind": "plain",
                      "optional": true
                    },
                    "http_tokens": {
                      "type": "string",
                      "description_kind": "plain",
                      "required": true
                    }
                  },
                  "description_kind": "plain"
                },
                "max_items": 1
              },
              "labels": {
                "nesting_mode": "set",
                "block": {
                  "attributes": {
                    "key": {
                      "type": "string",
                      "description_kind": "plain",
                      "required": true
                    },
                    "value": {
                      "type": "string",
                      "description_kind": "plain",
                      "required": true
                    }
                  },
                  "description_kind": "plain"
                }
              },
              "resource_limits": {
                "nesting_mode": "list",
                "block": {
                  "attributes": {
                    "max_instance_count": {
                      "type": "number",
                      "description_kind": "plain",
                      "optional": true
                    },
                    "min_instance_count": {
                      "type": "number",
                      "description_kind": "plain",
                      "optional": true
                    }
                  },
                  "description_kind": "plain"
                }
              },
              "scheduling_shutdown_hours": {
                "nesting_mode": "list",
                "block": {
                  "attributes": {
                    "is_enabled": {
                      "type": "bool",
                      "description_kind": "plain",
                      "optional": true
                    },
                    "time_windows": {
                      "type": [
                        "list",
                        "string"
                      ],
                      "description_kind": "plain",
                      "required": true
                    }
                  },
                  "description_kind": "plain"
                },
                "max_items": 1
              },
              "scheduling_task": {
                "nesting_mode": "set",
                "block": {
                  "attributes": {
                    "cron_expression": {
                      "type": "string",
                      "description_kind": "plain",
                      "required": true
                    },
                    "is_enabled": {
                      "type": "bool",
                      "description_kind": "plain",
                      "required": true
                    },
                    "task_type": {
                      "type": "string",
                      "description_kind": "plain",
                      "required": true
                    }
                  },
                  "block_types": {
                    "task_headroom": {
                      "nesting_mode": "set",
                      "block": {
                        "attributes": {
                          "cpu_per_unit": {
                            "type": "number",
                            "description_kind": "plain",
                            "optional": true
                          },
                          "gpu_per_unit": {
                            "type": "number",
                            "description_kind": "plain",
                            "optional": true
                          },
                          "memory_per_unit": {
                            "type": "number",
                            "description_kind": "plain",
                            "optional": true
                          },
                          "num_of_units": {
                            "type": "number",
                            "description_kind": "plain",
                            "required": true
                          }
                        },
                        "description_kind": "plain"
                      }
                    }
                  },
                  "description_kind": "plain"
                }
              },
              "strategy": {
                "nesting_mode": "set",
                "block": {
                  "attributes": {
                    "spot_percentage": {
                      "type": "number",
                      "description_kind": "plain",
                      "optional": true
                    }
                  },
                  "description_kind": "plain"
                }
              },
              "tags": {
                "nesting_mode": "set",
                "block": {
                  "attributes": {
                    "key": {
                      "type": "string",
                      "description_kind": "plain",
                      "required": true
                    },
                    "value": {
                      "type": "string",
                      "description_kind": "plain",
                      "required": true
                    }
                  },
                  "description_kind": "plain"
                }
              },
              "taints": {
                "nesting_mode": "set",
                "block": {
                  "attributes": {
                    "effect": {
                      "type": "string",
                      "description_kind": "plain",
                      "required": true
                    },
                    "key": {
                      "type": "string",
                      "description_kind": "plain",
                      "required": true
                    },
                    "value": {
                      "type": "string",
                      "description_kind": "plain",
                      "required": true
                    }
                  },
                  "description_kind": "plain"
                }
              },
              "update_policy": {
                "nesting_mode": "list",
                "block": {
                  "attributes": {
                    "should_roll": {
                      "type": "bool",
                      "description_kind": "plain",
                      "required": true
                    }
                  },
                  "block_types": {
                    "roll_config": {
                      "nesting_mode": "list",
                      "block": {
                        "attributes": {
                          "batch_size_percentage": {
                            "type": "number",
                            "description_kind": "plain",
                            "required": true
                          }
                        },
                        "description_kind": "plain"
                      },
                      "max_items": 1
                    }
                  },
                  "description_kind": "plain"
                },
                "max_items": 1
              }
            },
            "description_kind": "plain"
          }
        },
        "spotinst_ocean_ecs": {
          "version": 0,
          "block": {
            "attributes": {
              "associate_public_ip_address": {
                "type": "bool",
                "description_kind": "plain",
                "optional": true
              },
              "blacklist": {
                "type": [
                  "list",
                  "string"
                ],
                "description_kind": "plain",
                "optional": true
              },
              "cluster_name": {
                "type": "string",
                "description_kind": "plain",
                "required": true
              },
              "desired_capacity": {
                "type": "number",
                "description_kind": "plain",
                "optional": true,
                "computed": true
              },
              "draining_timeout": {
                "type": "number",
                "description_kind": "plain",
                "optional": true
              },
              "ebs_optimized": {
                "type": "bool",
                "description_kind": "plain",
                "optional": true
              },
              "iam_instance_profile": {
                "type": "string",
                "description_kind": "plain",
                "optional": true
              },
              "id": {
                "type": "string",
                "description_kind": "plain",
                "optional": true,
                "computed": true
              },
              "image_id": {
                "type": "string",
                "description_kind": "plain",
                "optional": true
              },
              "key_pair": {
                "type": "string",
                "description_kind": "plain",
                "optional": true
              },
              "max_size": {
                "type": "number",
                "description_kind": "plain",
                "optional": true,
                "computed": true
              },
              "min_size": {
                "type": "number",
                "description_kind": "plain",
                "optional": true,
                "computed": true
              },
              "monitoring": {
                "type": "bool",
                "description_kind": "plain",
                "optional": true
              },
              "name": {
                "type": "string",
                "description_kind": "plain",
                "required": true
              },
              "region": {
                "type": "string",
                "description_kind": "plain",
                "required": true
              },
              "security_group_ids": {
                "type": [
                  "list",
                  "string"
                ],
                "description_kind": "plain",
                "required": true
              },
              "spot_percentage": {
                "type": "number",
                "description_kind": "plain",
                "optional": true
              },
              "subnet_ids": {
                "type": [
                  "list",
                  "string"
                ],
                "description_kind": "plain",
                "required": true
              },
              "use_as_template_only": {
                "type": "bool",
                "description_kind": "plain",
                "optional": true
              },
              "user_data": {
                "type": "string",
                "description_kind": "plain",
                "optional": true
              },
              "utilize_commitments": {
                "type": "bool",
                "description_kind": "plain",
                "optional": true
              },
              "utilize_reserved_instances": {
                "type": "bool",
                "description_kind": "plain",
                "optional": true
              },
              "whitelist": {
                "type": [
                  "list",
                  "string"
                ],
                "description_kind": "plain",
                "optional": true
              }
            },
            "block_types": {
              "autoscaler": {
                "nesting_mode": "list",
                "block": {
                  "attributes": {
                    "auto_headroom_percentage": {
                      "type": "number",
                      "description_kind": "plain",
                      "optional": true
                    },
                    "cooldown": {
                      "type": "number",
                      "description_kind": "plain",
                      "optional": true
                    },
                    "enable_automatic_and_manual_headroom": {
                      "type": "bool",
                      "description_kind": "plain",
                      "optional": true
                    },
                    "is_auto_config": {
                      "type": "bool",
                      "description_kind": "plain",
                      "optional": true
                    },
                    "is_enabled": {
                      "type": "bool",
                      "description_kind": "plain",
                      "optional": true
                    },
                    "should_scale_down_non_service_tasks": {
                      "type": "bool",
                      "description_kind": "plain",
                      "optional": true
                    }
                  },
                  "block_types": {
                    "down": {
                      "nesting_mode": "list",
                      "block": {
                        "attributes": {
                          "max_scale_down_percentage": {
                            "type": "number",
                            "description_kind": "plain",
                            "optional": true
                          }
                        },
                        "description_kind": "plain"
                      },
                      "max_items": 1
                    },
                    "headroom": {
                      "nesting_mode": "list",
                      "block": {
                        "attributes": {
                          "cpu_per_unit": {
                            "type": "number",
                            "description_kind": "plain",
                            "optional": true
                          },
                          "memory_per_unit": {
                            "type": "number",
                            "description_kind": "plain",
                            "optional": true
                          },
                          "num_of_units": {
                            "type": "number",
                            "description_kind": "plain",
                            "optional": true
                          }
                        },
                        "description_kind": "plain"
                      },
                      "max_items": 1
                    },
                    "resource_limits": {
                      "nesting_mode": "list",
                      "block": {
                        "attributes": {
                          "max_memory_gib": {
                            "type": "number",
                            "description_kind": "plain",
                            "optional": true
                          },
                          "max_vcpu": {
                            "type": "number",
                            "description_kind": "plain",
                            "optional": true
                          }
                        },
                        "description_kind": "plain"
                      },
                      "max_items": 1
                    }
                  },
                  "description_kind": "plain"
                },
                "max_items": 1
              },
              "block_device_mappings": {
                "nesting_mode": "list",
                "block": {
                  "attributes": {
                    "device_name": {
                      "type": "string",
                      "description_kind": "plain",
                      "required": true
                    },
                    "no_device": {
                      "type": "string",
                      "description_kind": "plain",
                      "optional": true
                    },
                    "virtual_name": {
                      "type": "string",
                      "description_kind": "plain",
                      "optional": true
                    }
                  },
                  "block_types": {
                    "ebs": {
                      "nesting_mode": "list",
                      "block": {
                        "attributes": {
                          "delete_on_termination": {
                            "type": "bool",
                            "description_kind": "plain",
                            "optional": true,
                            "computed": true
                          },
                          "encrypted": {
                            "type": "bool",
                            "description_kind": "plain",
                            "optional": true,
                            "computed": true
                          },
                          "iops": {
                            "type": "number",
                            "description_kind": "plain",
                            "optional": true
                          },
                          "kms_key_id": {
                            "type": "string",
                            "description_kind": "plain",
                            "optional": true
                          },
                          "snapshot_id": {
                            "type": "string",
                            "description_kind": "plain",
                            "optional": true
                          },
                          "throughput": {
                            "type": "number",
                            "description_kind": "plain",
                            "optional": true
                          },
                          "volume_size": {
                            "type": "number",
                            "description_kind": "plain",
                            "optional": true
                          },
                          "volume_type": {
                            "type": "string",
                            "description_kind": "plain",
                            "optional": true,
                            "computed": true
                          }
                        },
                        "block_types": {
                          "dynamic_volume_size": {
                            "nesting_mode": "list",
                            "block": {
                              "attributes": {
                                "base_size": {
                                  "type": "number",
                                  "description_kind": "plain",
                                  "required": true
                                },
                                "resource": {
                                  "type": "string",
                                  "description_kind": "plain",
                                  "required": true
                                },
                                "size_per_resource_unit": {
                                  "type": "number",
                                  "description_kind": "plain",
                                  "required": true
                                }
                              },
                              "description_kind": "plain"
                            },
                            "max_items": 1
                          }
                        },
                        "description_kind": "plain"
                      },
                      "max_items": 1
                    }
                  },
                  "description_kind": "plain"
                }
              },
              "cluster_orientation": {
                "nesting_mode": "list",
                "block": {
                  "attributes": {
                    "availability_vs_cost": {
                      "type": "string",
                      "description_kind": "plain",
                      "optional": true
                    }
                  },
                  "description_kind": "plain"
                }
              },
              "filters": {
                "nesting_mode": "list",
                "block": {
                  "attributes": {
                    "architectures": {
                      "type": [
                        "set",
                        "string"
                      ],
                      "description_kind": "plain",
                      "optional": true
                    },
                    "categories": {
                      "type": [
                        "set",
                        "string"
                      ],
                      "description_kind": "plain",
                      "optional": true
                    },
                    "disk_types": {
                      "type": [
                        "set",
                        "string"
                      ],
                      "description_kind": "plain",
                      "optional": true
                    },
                    "exclude_families": {
                      "type": [
                        "set",
                        "string"
                      ],
                      "description_kind": "plain",
                      "optional": true
                    },
                    "exclude_metal": {
                      "type": "bool",
                      "description_kind": "plain",
                      "optional": true
                    },
                    "hypervisor": {
                      "type": [
                        "set",
                        "string"
                      ],
                      "description_kind": "plain",
                      "optional": true
                    },
                    "include_families": {
                      "type": [
                        "set",
                        "string"
                      ],
                      "description_kind": "plain",
                      "optional": true
                    },
                    "is_ena_supported": {
                      "type": "string",
                      "description_kind": "plain",
                      "optional": true
                    },
                    "max_gpu": {
                      "type": "number",
                      "description_kind": "plain",
                      "optional": true
                    },
                    "max_memory_gib": {
                      "type": "number",
                      "description_kind": "plain",
                      "optional": true
                    },
                    "max_network_performance": {
                      "type": "number",
                      "description_kind": "plain",
                      "optional": true
                    },
                    "max_vcpu": {
                      "type": "number",
                      "description_kind": "plain",
                      "optional": true
                    },
                    "min_enis": {
                      "type": "number",
                      "description_kind": "plain",
                      "optional": true
                    },
                    "min_gpu": {
                      "type": "number",
                      "description_kind": "plain",
                      "optional": true
                    },
                    "min_memory_gib": {
                      "type": "number",
                      "description_kind": "plain",
                      "optional": true
                    },
                    "min_network_performance": {
                      "type": "number",
                      "description_kind": "plain",
                      "optional": true
                    },
                    "min_vcpu": {
                      "type": "number",
                      "description_kind": "plain",
                      "optional": true
                    },
                    "root_device_types": {
                      "type": [
                        "set",
                        "string"
                      ],
                      "description_kind": "plain",
                      "optional": true
                    },
                    "virtualization_types": {
                      "type": [
                        "set",
                        "string"
                      ],
                      "description_kind": "plain",
                      "optional": true
                    }
                  },
                  "description_kind": "plain"
                },
                "max_items": 1
              },
              "instance_metadata_options": {
                "nesting_mode": "list",
                "block": {
                  "attributes": {
                    "http_put_response_hop_limit": {
                      "type": "number",
                      "description_kind": "plain",
                      "optional": true
                    },
                    "http_tokens": {
                      "type": "string",
                      "description_kind": "plain",
                      "required": true
                    }
                  },
                  "description_kind": "plain"
                },
                "max_items": 1
              },
              "logging": {
                "nesting_mode": "list",
                "block": {
                  "block_types": {
                    "export": {
                      "nesting_mode": "list",
                      "block": {
                        "block_types": {
                          "s3": {
                            "nesting_mode": "list",
                            "block": {
                              "attributes": {
                                "id": {
                                  "type": "string",
                                  "description_kind": "plain",
                                  "required": true
                                }
                              },
                              "description_kind": "plain"
                            }
                          }
                        },
                        "description_kind": "plain"
                      },
                      "max_items": 1
                    }
                  },
                  "description_kind": "plain"
                },
                "max_items": 1
              },
              "optimize_images": {
                "nesting_mode": "list",
                "block": {
                  "attributes": {
                    "perform_at": {
                      "type": "string",
                      "description_kind": "plain",
                      "required": true
                    },
                    "should_optimize_ecs_ami": {
                      "type": "bool",
                      "description_kind": "plain",
                      "required": true
                    },
                    "time_windows": {
                      "type": [
                        "list",
                        "string"
                      ],
                      "description_kind": "plain",
                      "optional": true
                    }
                  },
                  "description_kind": "plain"
                },
                "max_items": 1
              },
              "scheduled_task": {
                "nesting_mode": "set",
                "block": {
                  "block_types": {
                    "shutdown_hours": {
                      "nesting_mode": "list",
                      "block": {
                        "attributes": {
                          "is_enabled": {
                            "type": "bool",
                            "description_kind": "plain",
                            "optional": true
                          },
                          "time_windows": {
                            "type": [
                              "list",
                              "string"
                            ],
                            "description_kind": "plain",
                            "required": true
                          }
                        },
                        "description_kind": "plain"
                      },
                      "max_items": 1
                    },
                    "tasks": {
                      "nesting_mode": "list",
                      "block": {
                        "attributes": {
                          "cron_expression": {
                            "type": "string",
                            "description_kind": "plain",
                            "required": true
                          },
                          "is_enabled": {
                            "type": "bool",
                            "description_kind": "plain",
                            "required": true
                          },
                          "task_type": {
                            "type": "string",
                            "description_kind": "plain",
                            "required": true
                          }
                        },
                        "description_kind": "plain"
                      }
                    }
                  },
                  "description_kind": "plain"
                }
              },
              "tags": {
                "nesting_mode": "set",
                "block": {
                  "attributes": {
                    "key": {
                      "type": "string",
                      "description_kind": "plain",
                      "required": true
                    },
                    "value": {
                      "type": "string",
                      "description_kind": "plain",
                      "required": true
                    }
                  },
                  "description_kind": "plain"
                }
              },
              "update_policy": {
                "nesting_mode": "list",
                "block": {
                  "attributes": {
                    "auto_apply_tags": {
                      "type": "bool",
                      "description_kind": "plain",
                      "optional": true
                    },
                    "conditioned_roll": {
                      "type": "bool",
                      "description_kind": "plain",
                      "optional": true
                    },
                    "should_roll": {
                      "type": "bool",
                      "description_kind": "plain",
                      "required": true
                    }
                  },
                  "block_types": {
                    "roll_config": {
                      "nesting_mode": "list",
                      "block": {
                        "attributes": {
                          "batch_min_healthy_percentage": {
                            "type": "number",
                            "description_kind": "plain",
                            "optional": true
                          },
                          "batch_size_percentage": {
                            "type": "number",
                            "description_kind": "plain",
                            "required": true
                          }
                        },
                        "description_kind": "plain"
                      },
                      "max_items": 1
                    }
                  },
                  "description_kind": "plain"
                },
                "max_items": 1
              }
            },
            "description_kind": "plain"
          }
        },
        "spotinst_ocean_ecs_launch_spec": {
          "version": 0,
          "block": {
            "attributes": {
              "iam_instance_profile": {
                "type": "string",
                "description_kind": "plain",
                "optional": true
              },
              "id": {
                "type": "string",
                "description_kind": "plain",
                "optional": true,
                "computed": true
              },
              "image_id": {
                "type": "string",
                "description_kind": "plain",
                "optional": true
              },
              "instance_types": {
                "type": [
                  "list",
                  "string"
                ],
                "description_kind": "plain",
                "optional": true
              },
              "name": {
                "type": "string",
                "description_kind": "plain",
                "required": true
              },
              "ocean_id": {
                "type": "string",
                "description_kind": "plain",
                "required": true
              },
              "preferred_spot_types": {
                "type": [
                  "list",
                  "string"
                ],
                "description_kind": "plain",
                "optional": true
              },
              "restrict_scale_down": {
                "type": "bool",
                "description_kind": "plain",
                "optional": true
              },
              "security_group_ids": {
                "type": [
                  "list",
                  "string"
                ],
                "description_kind": "plain",
                "optional": true
              },
              "subnet_ids": {
                "type": [
                  "list",
                  "string"
                ],
                "description_kind": "plain",
                "optional": true
              },
              "user_data": {
                "type": "string",
                "description_kind": "plain",
                "optional": true
              }
            },
            "block_types": {
              "attributes": {
                "nesting_mode": "set",
                "block": {
                  "attributes": {
                    "key": {
                      "type": "string",
                      "description_kind": "plain",
                      "required": true
                    },
                    "value": {
                      "type": "string",
                      "description_kind": "plain",
                      "required": true
                    }
                  },
                  "description_kind": "plain"
                }
              },
              "autoscale_headrooms": {
                "nesting_mode": "set",
                "block": {
                  "attributes": {
                    "cpu_per_unit": {
                      "type": "number",
                      "description_kind": "plain",
                      "optional": true
                    },
                    "memory_per_unit": {
                      "type": "number",
                      "description_kind": "plain",
                      "optional": true
                    },
                    "num_of_units": {
                      "type": "number",
                      "description_kind": "plain",
                      "required": true
                    }
                  },
                  "description_kind": "plain"
                }
              },
              "block_device_mappings": {
                "nesting_mode": "list",
                "block": {
                  "attributes": {
                    "device_name": {
                      "type": "string",
                      "description_kind": "plain",
                      "required": true
                    },
                    "no_device": {
                      "type": "string",
                      "description_kind": "plain",
                      "optional": true
                    },
                    "virtual_name": {
                      "type": "string",
                      "description_kind": "plain",
                      "optional": true
                    }
                  },
                  "block_types": {
                    "ebs": {
                      "nesting_mode": "list",
                      "block": {
                        "attributes": {
                          "delete_on_termination": {
                            "type": "bool",
                            "description_kind": "plain",
                            "optional": true,
                            "computed": true
                          },
                          "encrypted": {
                            "type": "bool",
                            "description_kind": "plain",
                            "optional": true,
                            "computed": true
                          },
                          "iops": {
                            "type": "number",
                            "description_kind": "plain",
                            "optional": true
                          },
                          "kms_key_id": {
                            "type": "string",
                            "description_kind": "plain",
                            "optional": true
                          },
                          "snapshot_id": {
                            "type": "string",
                            "description_kind": "plain",
                            "optional": true
                          },
                          "throughput": {
                            "type": "number",
                            "description_kind": "plain",
                            "optional": true
                          },
                          "volume_size": {
                            "type": "number",
                            "description_kind": "plain",
                            "optional": true
                          },
                          "volume_type": {
                            "type": "string",
                            "description_kind": "plain",
                            "optional": true,
                            "computed": true
                          }
                        },
                        "block_types": {
                          "dynamic_volume_size": {
                            "nesting_mode": "list",
                            "block": {
                              "attributes": {
                                "base_size": {
                                  "type": "number",
                                  "description_kind": "plain",
                                  "required": true
                                },
                                "resource": {
                                  "type": "string",
                                  "description_kind": "plain",
                                  "required": true
                                },
                                "size_per_resource_unit": {
                                  "type": "number",
                                  "description_kind": "plain",
                                  "required": true
                                }
                              },
                              "description_kind": "plain"
                            },
                            "max_items": 1
                          }
                        },
                        "description_kind": "plain"
                      },
                      "max_items": 1
                    }
                  },
                  "description_kind": "plain"
                }
              },
              "instance_metadata_options": {
                "nesting_mode": "list",
                "block": {
                  "attributes": {
                    "http_put_response_hop_limit": {
                      "type": "number",
                      "description_kind": "plain",
                      "optional": true
                    },
                    "http_tokens": {
                      "type": "string",
                      "description_kind": "plain",
                      "required": true
                    }
                  },
                  "description_kind": "plain"
                },
                "max_items": 1
              },
              "scheduling_task": {
                "nesting_mode": "set",
                "block": {
                  "attributes": {
                    "cron_expression": {
                      "type": "string",
                      "description_kind": "plain",
                      "required": true
                    },
                    "is_enabled": {
                      "type": "bool",
                      "description_kind": "plain",
                      "required": true
                    },
                    "task_type": {
                      "type": "string",
                      "description_kind": "plain",
                      "required": true
                    }
                  },
                  "block_types": {
                    "task_headroom": {
                      "nesting_mode": "set",
                      "block": {
                        "attributes": {
                          "cpu_per_unit": {
                            "type": "number",
                            "description_kind": "plain",
                            "optional": true
                          },
                          "memory_per_unit": {
                            "type": "number",
                            "description_kind": "plain",
                            "optional": true
                          },
                          "num_of_units": {
                            "type": "number",
                            "description_kind": "plain",
                            "required": true
                          }
                        },
                        "description_kind": "plain"
                      }
                    }
                  },
                  "description_kind": "plain"
                }
              },
              "strategy": {
                "nesting_mode": "set",
                "block": {
                  "attributes": {
                    "spot_percentage": {
                      "type": "number",
                      "description_kind": "plain",
                      "optional": true
                    }
                  },
                  "description_kind": "plain"
                }
              },
              "tags": {
                "nesting_mode": "set",
                "block": {
                  "attributes": {
                    "key": {
                      "type": "string",
                      "description_kind": "plain",
                      "required": true
                    },
                    "value": {
                      "type": "string",
                      "description_kind": "plain",
                      "required": true
                    }
                  },
                  "description_kind": "plain"
                }
              }
            },
            "description_kind": "plain"
          }
        },
        "spotinst_ocean_gke_import": {
          "version": 0,
          "block": {
            "attributes": {
              "blacklist": {
                "type": [
                  "list",
                  "string"
                ],
                "description_kind": "plain",
                "optional": true
              },
              "cluster_controller_id": {
                "type": "string",
                "description_kind": "plain",
                "computed": true
              },
              "cluster_name": {
                "type": "string",
                "description_kind": "plain",
                "required": true
              },
              "controller_cluster_id": {
                "type": "string",
                "description_kind": "plain",
                "optional": true,
                "computed": true
              },
              "desired_capacity": {
                "type": "number",
                "description_kind": "plain",
                "optional": true,
                "computed": true
              },
              "id": {
                "type": "string",
                "description_kind": "plain",
                "optional": true,
                "computed": true
              },
              "location": {
                "type": "string",
                "description_kind": "plain",
                "required": true
              },
              "max_size": {
                "type": "number",
                "description_kind": "plain",
                "optional": true,
                "computed": true
              },
              "min_size": {
                "type": "number",
                "description_kind": "plain",
                "optional": true,
                "computed": true
              },
              "root_volume_type": {
                "type": "string",
                "description_kind": "plain",
                "optional": true
              },
              "use_as_template_only": {
                "type": "bool",
                "description_kind": "plain",
                "optional": true
              },
              "whitelist": {
                "type": [
                  "list",
                  "string"
                ],
                "description_kind": "plain",
                "optional": true
              }
            },
            "block_types": {
              "autoscaler": {
                "nesting_mode": "list",
                "block": {
                  "attributes": {
                    "auto_headroom_percentage": {
                      "type": "number",
                      "description_kind": "plain",
                      "optional": true
                    },
                    "cooldown": {
                      "type": "number",
                      "description_kind": "plain",
                      "optional": true
                    },
                    "enable_automatic_and_manual_headroom": {
                      "type": "bool",
                      "description_kind": "plain",
                      "optional": true
                    },
                    "is_auto_config": {
                      "type": "bool",
                      "description_kind": "plain",
                      "optional": true
                    },
                    "is_enabled": {
                      "type": "bool",
                      "description_kind": "plain",
                      "optional": true
                    }
                  },
                  "block_types": {
                    "down": {
                      "nesting_mode": "list",
                      "block": {
                        "attributes": {
                          "evaluation_periods": {
                            "type": "number",
                            "description_kind": "plain",
                            "optional": true
                          },
                          "max_scale_down_percentage": {
                            "type": "number",
                            "description_kind": "plain",
                            "optional": true
                          }
                        },
                        "description_kind": "plain"
                      },
                      "max_items": 1
                    },
                    "headroom": {
                      "nesting_mode": "list",
                      "block": {
                        "attributes": {
                          "cpu_per_unit": {
                            "type": "number",
                            "description_kind": "plain",
                            "optional": true
                          },
                          "gpu_per_unit": {
                            "type": "number",
                            "description_kind": "plain",
                            "optional": true
                          },
                          "memory_per_unit": {
                            "type": "number",
                            "description_kind": "plain",
                            "optional": true
                          },
                          "num_of_units": {
                            "type": "number",
                            "description_kind": "plain",
                            "optional": true
                          }
                        },
                        "description_kind": "plain"
                      },
                      "max_items": 1
                    },
                    "resource_limits": {
                      "nesting_mode": "list",
                      "block": {
                        "attributes": {
                          "max_memory_gib": {
                            "type": "number",
                            "description_kind": "plain",
                            "optional": true
                          },
                          "max_vcpu": {
                            "type": "number",
                            "description_kind": "plain",
                            "optional": true
                          }
                        },
                        "description_kind": "plain"
                      },
                      "max_items": 1
                    }
                  },
                  "description_kind": "plain"
                },
                "max_items": 1
              },
              "backend_services": {
                "nesting_mode": "set",
                "block": {
                  "attributes": {
                    "location_type": {
                      "type": "string",
                      "description_kind": "plain",
                      "optional": true
                    },
                    "scheme": {
                      "type": "string",
                      "description_kind": "plain",
                      "optional": true
                    },
                    "service_name": {
                      "type": "string",
                      "description_kind": "plain",
                      "required": true
                    }
                  },
                  "block_types": {
                    "named_ports": {
                      "nesting_mode": "set",
                      "block": {
                        "attributes": {
                          "name": {
                            "type": "string",
                            "description_kind": "plain",
                            "required": true
                          },
                          "ports": {
                            "type": [
                              "list",
                              "string"
                            ],
                            "description_kind": "plain",
                            "required": true
                          }
                        },
                        "description_kind": "plain"
                      }
                    }
                  },
                  "description_kind": "plain"
                }
              },
              "scheduled_task": {
                "nesting_mode": "set",
                "block": {
                  "block_types": {
                    "shutdown_hours": {
                      "nesting_mode": "list",
                      "block": {
                        "attributes": {
                          "is_enabled": {
                            "type": "bool",
                            "description_kind": "plain",
                            "optional": true
                          },
                          "time_windows": {
                            "type": [
                              "list",
                              "string"
                            ],
                            "description_kind": "plain",
                            "required": true
                          }
                        },
                        "description_kind": "plain"
                      },
                      "max_items": 1
                    },
                    "tasks": {
                      "nesting_mode": "list",
                      "block": {
                        "attributes": {
                          "cron_expression": {
                            "type": "string",
                            "description_kind": "plain",
                            "required": true
                          },
                          "is_enabled": {
                            "type": "bool",
                            "description_kind": "plain",
                            "required": true
                          },
                          "task_type": {
                            "type": "string",
                            "description_kind": "plain",
                            "required": true
                          }
                        },
                        "block_types": {
                          "task_parameters": {
                            "nesting_mode": "list",
                            "block": {
                              "block_types": {
                                "cluster_roll": {
                                  "nesting_mode": "list",
                                  "block": {
                                    "attributes": {
                                      "batch_min_healthy_percentage": {
                                        "type": "number",
                                        "description_kind": "plain",
                                        "optional": true
                                      },
                                      "batch_size_percentage": {
                                        "type": "number",
                                        "description_kind": "plain",
                                        "optional": true
                                      },
                                      "comment": {
                                        "type": "string",
                                        "description_kind": "plain",
                                        "optional": true
                                      },
                                      "respect_pdb": {
                                        "type": "bool",
                                        "description_kind": "plain",
                                        "optional": true
                                      }
                                    },
                                    "description_kind": "plain"
                                  },
                                  "max_items": 1
                                }
                              },
                              "description_kind": "plain"
                            },
                            "max_items": 1
                          }
                        },
                        "description_kind": "plain"
                      }
                    }
                  },
                  "description_kind": "plain"
                }
              },
              "shielded_instance_config": {
                "nesting_mode": "list",
                "block": {
                  "attributes": {
                    "enable_integrity_monitoring": {
                      "type": "bool",
                      "description_kind": "plain",
                      "optional": true,
                      "computed": true
                    },
                    "enable_secure_boot": {
                      "type": "bool",
                      "description_kind": "plain",
                      "optional": true,
                      "computed": true
                    }
                  },
                  "description_kind": "plain"
                },
                "max_items": 1
              },
              "strategy": {
                "nesting_mode": "list",
                "block": {
                  "attributes": {
                    "draining_timeout": {
                      "type": "number",
                      "description_kind": "plain",
                      "optional": true
                    },
                    "preemptible_percentage": {
                      "type": "number",
                      "description_kind": "plain",
                      "optional": true
                    },
                    "provisioning_model": {
                      "type": "string",
                      "description_kind": "plain",
                      "optional": true
                    }
                  },
                  "description_kind": "plain"
                }
              },
              "update_policy": {
                "nesting_mode": "list",
                "block": {
                  "attributes": {
                    "conditioned_roll": {
                      "type": "bool",
                      "description_kind": "plain",
                      "optional": true
                    },
                    "should_roll": {
                      "type": "bool",
                      "description_kind": "plain",
                      "required": true
                    }
                  },
                  "block_types": {
                    "roll_config": {
                      "nesting_mode": "list",
                      "block": {
                        "attributes": {
                          "batch_min_healthy_percentage": {
                            "type": "number",
                            "description_kind": "plain",
                            "optional": true
                          },
                          "batch_size_percentage": {
                            "type": "number",
                            "description_kind": "plain",
                            "required": true
                          },
                          "launch_spec_ids": {
                            "type": [
                              "list",
                              "string"
                            ],
                            "description_kind": "plain",
                            "optional": true
                          },
                          "respect_pdb": {
                            "type": "bool",
                            "description_kind": "plain",
                            "optional": true
                          }
                        },
                        "description_kind": "plain"
                      },
                      "max_items": 1
                    }
                  },
                  "description_kind": "plain"
                },
                "max_items": 1
              }
            },
            "description_kind": "plain"
          }
        },
        "spotinst_ocean_gke_launch_spec": {
          "version": 0,
          "block": {
            "attributes": {
              "id": {
                "type": "string",
                "description_kind": "plain",
                "optional": true,
                "computed": true
              },
              "instance_types": {
                "type": [
                  "list",
                  "string"
                ],
                "description_kind": "plain",
                "optional": true,
                "computed": true
              },
              "name": {
                "type": "string",
                "description_kind": "plain",
                "optional": true,
                "computed": true
              },
              "node_pool_name": {
                "type": "string",
                "description_kind": "plain",
                "optional": true
              },
              "ocean_id": {
                "type": "string",
                "description_kind": "plain",
                "required": true
              },
              "restrict_scale_down": {
                "type": "bool",
                "description_kind": "plain",
                "optional": true,
                "computed": true
              },
              "root_volume_size": {
                "type": "number",
                "description_kind": "plain",
                "optional": true,
                "computed": true
              },
              "root_volume_type": {
                "type": "string",
                "description_kind": "plain",
                "optional": true,
                "computed": true
              },
              "service_account": {
                "type": "string",
                "description_kind": "plain",
                "optional": true,
                "computed": true
              },
              "source_image": {
                "type": "string",
                "description_kind": "plain",
                "optional": true,
                "computed": true
              },
              "tags": {
                "type": [
                  "list",
                  "string"
                ],
                "description_kind": "plain",
                "optional": true,
                "computed": true
              }
            },
            "block_types": {
              "autoscale_headrooms": {
                "nesting_mode": "set",
                "block": {
                  "attributes": {
                    "cpu_per_unit": {
                      "type": "number",
                      "description_kind": "plain",
                      "optional": true
                    },
                    "gpu_per_unit": {
                      "type": "number",
                      "description_kind": "plain",
                      "optional": true
                    },
                    "memory_per_unit": {
                      "type": "number",
                      "description_kind": "plain",
                      "optional": true
                    },
                    "num_of_units": {
                      "type": "number",
                      "description_kind": "plain",
                      "required": true
                    }
                  },
                  "description_kind": "plain"
                }
              },
              "autoscale_headrooms_automatic": {
                "nesting_mode": "list",
                "block": {
                  "attributes": {
                    "auto_headroom_percentage": {
                      "type": "number",
                      "description_kind": "plain",
                      "optional": true
                    }
                  },
                  "description_kind": "plain"
                }
              },
              "labels": {
                "nesting_mode": "set",
                "block": {
                  "attributes": {
                    "key": {
                      "type": "string",
                      "description_kind": "plain",
                      "optional": true,
                      "computed": true
                    },
                    "value": {
                      "type": "string",
                      "description_kind": "plain",
                      "optional": true,
                      "computed": true
                    }
                  },
                  "description_kind": "plain"
                }
              },
              "metadata": {
                "nesting_mode": "set",
                "block": {
                  "attributes": {
                    "key": {
                      "type": "string",
                      "description_kind": "plain",
                      "optional": true,
                      "computed": true
                    },
                    "value": {
                      "type": "string",
                      "description_kind": "plain",
                      "optional": true,
                      "computed": true
                    }
                  },
                  "description_kind": "plain"
                }
              },
              "network_interfaces": {
                "nesting_mode": "set",
                "block": {
                  "attributes": {
                    "network": {
                      "type": "string",
                      "description_kind": "plain",
                      "required": true
                    },
                    "project_id": {
                      "type": "string",
                      "description_kind": "plain",
                      "optional": true
                    }
                  },
                  "block_types": {
                    "access_configs": {
                      "nesting_mode": "set",
                      "block": {
                        "attributes": {
                          "name": {
                            "type": "string",
                            "description_kind": "plain",
                            "optional": true
                          },
                          "type": {
                            "type": "string",
                            "description_kind": "plain",
                            "optional": true
                          }
                        },
                        "description_kind": "plain"
                      }
                    },
                    "alias_ip_ranges": {
                      "nesting_mode": "set",
                      "block": {
                        "attributes": {
                          "ip_cidr_range": {
                            "type": "string",
                            "description_kind": "plain",
                            "required": true
                          },
                          "subnetwork_range_name": {
                            "type": "string",
                            "description_kind": "plain",
                            "required": true
                          }
                        },
                        "description_kind": "plain"
                      }
                    }
                  },
                  "description_kind": "plain"
                }
              },
              "resource_limits": {
                "nesting_mode": "list",
                "block": {
                  "attributes": {
                    "max_instance_count": {
                      "type": "number",
                      "description_kind": "plain",
                      "optional": true
                    },
                    "min_instance_count": {
                      "type": "number",
                      "description_kind": "plain",
                      "optional": true
                    }
                  },
                  "description_kind": "plain"
                },
                "max_items": 1
              },
              "scheduling_task": {
                "nesting_mode": "set",
                "block": {
                  "attributes": {
                    "cron_expression": {
                      "type": "string",
                      "description_kind": "plain",
                      "required": true
                    },
                    "is_enabled": {
                      "type": "bool",
                      "description_kind": "plain",
                      "required": true
                    },
                    "task_type": {
                      "type": "string",
                      "description_kind": "plain",
                      "required": true
                    }
                  },
                  "block_types": {
                    "task_headroom": {
                      "nesting_mode": "set",
                      "block": {
                        "attributes": {
                          "cpu_per_unit": {
                            "type": "number",
                            "description_kind": "plain",
                            "optional": true
                          },
                          "gpu_per_unit": {
                            "type": "number",
                            "description_kind": "plain",
                            "optional": true
                          },
                          "memory_per_unit": {
                            "type": "number",
                            "description_kind": "plain",
                            "optional": true
                          },
                          "num_of_units": {
                            "type": "number",
                            "description_kind": "plain",
                            "required": true
                          }
                        },
                        "description_kind": "plain"
                      }
                    }
                  },
                  "description_kind": "plain"
                }
              },
              "shielded_instance_config": {
                "nesting_mode": "set",
                "block": {
                  "attributes": {
                    "enable_integrity_monitoring": {
                      "type": "bool",
                      "description_kind": "plain",
                      "optional": true,
                      "computed": true
                    },
                    "enable_secure_boot": {
                      "type": "bool",
                      "description_kind": "plain",
                      "optional": true,
                      "computed": true
                    }
                  },
                  "description_kind": "plain"
                },
                "max_items": 1
              },
              "storage": {
                "nesting_mode": "set",
                "block": {
                  "attributes": {
                    "local_ssd_count": {
                      "type": "number",
                      "description_kind": "plain",
                      "optional": true,
                      "computed": true
                    }
                  },
                  "description_kind": "plain"
                },
                "max_items": 1
              },
              "strategy": {
                "nesting_mode": "list",
                "block": {
                  "attributes": {
                    "preemptible_percentage": {
                      "type": "number",
                      "description_kind": "plain",
                      "optional": true
                    }
                  },
                  "description_kind": "plain"
                }
              },
              "taints": {
                "nesting_mode": "set",
                "block": {
                  "attributes": {
                    "effect": {
                      "type": "string",
                      "description_kind": "plain",
                      "optional": true,
                      "computed": true
                    },
                    "key": {
                      "type": "string",
                      "description_kind": "plain",
                      "optional": true,
                      "computed": true
                    },
                    "value": {
                      "type": "string",
                      "description_kind": "plain",
                      "optional": true,
                      "computed": true
                    }
                  },
                  "description_kind": "plain"
                }
              },
              "update_policy": {
                "nesting_mode": "list",
                "block": {
                  "attributes": {
                    "should_roll": {
                      "type": "bool",
                      "description_kind": "plain",
                      "required": true
                    }
                  },
                  "block_types": {
                    "roll_config": {
                      "nesting_mode": "list",
                      "block": {
                        "attributes": {
                          "batch_size_percentage": {
                            "type": "number",
                            "description_kind": "plain",
                            "required": true
                          }
                        },
                        "description_kind": "plain"
                      },
                      "max_items": 1
                    }
                  },
                  "description_kind": "plain"
                },
                "max_items": 1
              }
            },
            "description_kind": "plain"
          }
        },
        "spotinst_ocean_gke_launch_spec_import": {
          "version": 0,
          "block": {
            "attributes": {
              "id": {
                "type": "string",
                "description_kind": "plain",
                "optional": true,
                "computed": true
              },
              "node_pool_name": {
                "type": "string",
                "description_kind": "plain",
                "required": true
              },
              "ocean_id": {
                "type": "string",
                "description_kind": "plain",
                "required": true
              }
            },
            "description_kind": "plain"
          }
        },
        "spotinst_ocean_spark": {
          "version": 0,
          "block": {
            "attributes": {
              "id": {
                "type": "string",
                "description_kind": "plain",
                "optional": true,
                "computed": true
              },
              "ocean_cluster_id": {
                "type": "string",
                "description_kind": "plain",
                "required": true
              }
            },
            "block_types": {
              "compute": {
                "nesting_mode": "list",
                "block": {
                  "attributes": {
                    "create_vngs": {
                      "type": "bool",
                      "description_kind": "plain",
                      "optional": true,
                      "computed": true
                    },
                    "use_taints": {
                      "type": "bool",
                      "description_kind": "plain",
                      "optional": true,
                      "computed": true
                    }
                  },
                  "description_kind": "plain"
                },
                "max_items": 1
              },
              "ingress": {
                "nesting_mode": "list",
                "block": {
                  "attributes": {
                    "service_annotations": {
                      "type": [
                        "map",
                        "string"
                      ],
                      "description_kind": "plain",
                      "optional": true,
                      "computed": true
                    }
                  },
                  "block_types": {
                    "controller": {
                      "nesting_mode": "list",
                      "block": {
                        "attributes": {
                          "managed": {
                            "type": "bool",
                            "description_kind": "plain",
                            "optional": true
                          }
                        },
                        "description_kind": "plain"
                      },
                      "max_items": 1
                    },
                    "custom_endpoint": {
                      "nesting_mode": "list",
                      "block": {
                        "attributes": {
                          "address": {
                            "type": "string",
                            "description_kind": "plain",
                            "optional": true
                          },
                          "enabled": {
                            "type": "bool",
                            "description_kind": "plain",
                            "optional": true
                          }
                        },
                        "description_kind": "plain"
                      },
                      "max_items": 1
                    },
                    "load_balancer": {
                      "nesting_mode": "list",
                      "block": {
                        "attributes": {
                          "managed": {
                            "type": "bool",
                            "description_kind": "plain",
                            "optional": true
                          },
                          "service_annotations": {
                            "type": [
                              "map",
                              "string"
                            ],
                            "description_kind": "plain",
                            "optional": true
                          },
                          "target_group_arn": {
                            "type": "string",
                            "description_kind": "plain",
                            "optional": true
                          }
                        },
                        "description_kind": "plain"
                      },
                      "max_items": 1
                    },
                    "private_link": {
                      "nesting_mode": "list",
                      "block": {
                        "attributes": {
                          "enabled": {
                            "type": "bool",
                            "description_kind": "plain",
                            "optional": true
                          },
                          "vpc_endpoint_service": {
                            "type": "string",
                            "description_kind": "plain",
                            "optional": true
                          }
                        },
                        "description_kind": "plain"
                      },
                      "max_items": 1
                    }
                  },
                  "description_kind": "plain"
                },
                "max_items": 1
              },
              "log_collection": {
                "nesting_mode": "list",
                "block": {
                  "attributes": {
                    "collect_driver_logs": {
                      "type": "bool",
                      "description_kind": "plain",
                      "optional": true,
                      "computed": true
                    }
                  },
                  "description_kind": "plain"
                },
                "max_items": 1
              },
              "spark": {
                "nesting_mode": "list",
                "block": {
                  "attributes": {
                    "additional_app_namespaces": {
                      "type": [
                        "set",
                        "string"
                      ],
                      "description_kind": "plain",
                      "optional": true,
                      "computed": true
                    }
                  },
                  "description_kind": "plain"
                },
                "max_items": 1
              },
              "webhook": {
                "nesting_mode": "list",
                "block": {
                  "attributes": {
                    "host_network_ports": {
                      "type": [
                        "list",
                        "number"
                      ],
                      "description_kind": "plain",
                      "optional": true,
                      "computed": true
                    },
                    "use_host_network": {
                      "type": "bool",
                      "description_kind": "plain",
                      "optional": true,
                      "computed": true
                    }
                  },
                  "description_kind": "plain"
                },
                "max_items": 1
              }
            },
            "description_kind": "plain"
          }
        },
        "spotinst_ocean_spark_virtual_node_group": {
          "version": 0,
          "block": {
            "attributes": {
              "id": {
                "type": "string",
                "description_kind": "plain",
                "optional": true,
                "computed": true
              },
              "ocean_spark_cluster_id": {
                "type": "string",
                "description_kind": "plain",
                "required": true
              },
              "virtual_node_group_id": {
                "type": "string",
                "description_kind": "plain",
                "required": true
              }
            },
            "description_kind": "plain"
          }
        },
        "spotinst_stateful_node_azure": {
          "version": 0,
          "block": {
            "attributes": {
              "custom_data": {
                "type": "string",
                "description_kind": "plain",
                "optional": true,
                "computed": true
              },
              "data_disks_persistence_mode": {
                "type": "string",
                "description_kind": "plain",
                "optional": true,
                "computed": true
              },
              "description": {
                "type": "string",
                "description_kind": "plain",
                "optional": true,
                "computed": true
              },
              "id": {
                "type": "string",
                "description_kind": "plain",
                "optional": true,
                "computed": true
              },
              "name": {
                "type": "string",
                "description_kind": "plain",
                "required": true
              },
              "od_sizes": {
                "type": [
                  "list",
                  "string"
                ],
                "description_kind": "plain",
                "required": true
              },
              "os": {
                "type": "string",
                "description_kind": "plain",
                "required": true
              },
              "os_disk_persistence_mode": {
                "type": "string",
                "description_kind": "plain",
                "optional": true,
                "computed": true
              },
              "preferred_spot_sizes": {
                "type": [
                  "list",
                  "string"
                ],
                "description_kind": "plain",
                "optional": true,
                "computed": true
              },
              "preferred_zones": {
                "type": "string",
                "description_kind": "plain",
                "optional": true,
                "computed": true
              },
              "region": {
                "type": "string",
                "description_kind": "plain",
                "required": true
              },
              "resource_group_name": {
                "type": "string",
                "description_kind": "plain",
                "required": true
              },
              "should_persist_data_disks": {
                "type": "bool",
                "description_kind": "plain",
                "required": true
              },
              "should_persist_network": {
                "type": "bool",
                "description_kind": "plain",
                "required": true
              },
              "should_persist_os_disk": {
                "type": "bool",
                "description_kind": "plain",
                "required": true
              },
              "should_persist_vm": {
                "type": "bool",
                "description_kind": "plain",
                "optional": true,
                "computed": true
              },
              "shutdown_script": {
                "type": "string",
                "description_kind": "plain",
                "optional": true,
                "computed": true
              },
              "spot_sizes": {
                "type": [
                  "list",
                  "string"
                ],
                "description_kind": "plain",
                "required": true
              },
              "zones": {
                "type": [
                  "list",
                  "string"
                ],
                "description_kind": "plain",
                "optional": true
              }
            },
            "block_types": {
              "attach_data_disk": {
                "nesting_mode": "list",
                "block": {
                  "attributes": {
                    "data_disk_name": {
                      "type": "string",
                      "description_kind": "plain",
                      "required": true
                    },
                    "data_disk_resource_group_name": {
                      "type": "string",
                      "description_kind": "plain",
                      "required": true
                    },
                    "lun": {
                      "type": "number",
                      "description_kind": "plain",
                      "optional": true
                    },
                    "size_gb": {
                      "type": "number",
                      "description_kind": "plain",
                      "required": true
                    },
                    "storage_account_type": {
                      "type": "string",
                      "description_kind": "plain",
                      "required": true
                    },
                    "zone": {
                      "type": "string",
                      "description_kind": "plain",
                      "optional": true
                    }
                  },
                  "description_kind": "plain"
                }
              },
              "boot_diagnostics": {
                "nesting_mode": "list",
                "block": {
                  "attributes": {
                    "is_enabled": {
                      "type": "bool",
                      "description_kind": "plain",
                      "optional": true,
                      "computed": true
                    },
                    "storage_url": {
                      "type": "string",
                      "description_kind": "plain",
                      "optional": true,
                      "computed": true
                    },
                    "type": {
                      "type": "string",
                      "description_kind": "plain",
                      "optional": true,
                      "computed": true
                    }
                  },
                  "description_kind": "plain"
                }
              },
              "data_disk": {
                "nesting_mode": "list",
                "block": {
                  "attributes": {
                    "lun": {
                      "type": "number",
                      "description_kind": "plain",
                      "required": true
                    },
                    "size_gb": {
                      "type": "number",
                      "description_kind": "plain",
                      "required": true
                    },
                    "type": {
                      "type": "string",
                      "description_kind": "plain",
                      "required": true
                    }
                  },
                  "description_kind": "plain"
                }
              },
              "delete": {
                "nesting_mode": "list",
                "block": {
                  "attributes": {
                    "disk_should_deallocate": {
                      "type": "bool",
                      "description_kind": "plain",
                      "required": true
                    },
                    "disk_ttl_in_hours": {
                      "type": "number",
                      "description_kind": "plain",
                      "optional": true
                    },
                    "network_should_deallocate": {
                      "type": "bool",
                      "description_kind": "plain",
                      "required": true
                    },
                    "network_ttl_in_hours": {
                      "type": "number",
                      "description_kind": "plain",
                      "optional": true
                    },
                    "public_ip_should_deallocate": {
                      "type": "bool",
                      "description_kind": "plain",
                      "required": true
                    },
                    "public_ip_ttl_in_hours": {
                      "type": "number",
                      "description_kind": "plain",
                      "optional": true
                    },
                    "should_terminate_vm": {
                      "type": "bool",
                      "description_kind": "plain",
                      "required": true
                    },
                    "snapshot_should_deallocate": {
                      "type": "bool",
                      "description_kind": "plain",
                      "required": true
                    },
                    "snapshot_ttl_in_hours": {
                      "type": "number",
                      "description_kind": "plain",
                      "optional": true
                    }
                  },
                  "description_kind": "plain"
                }
              },
              "detach_data_disk": {
                "nesting_mode": "list",
                "block": {
                  "attributes": {
                    "data_disk_name": {
                      "type": "string",
                      "description_kind": "plain",
                      "required": true
                    },
                    "data_disk_resource_group_name": {
                      "type": "string",
                      "description_kind": "plain",
                      "required": true
                    },
                    "should_deallocate": {
                      "type": "bool",
                      "description_kind": "plain",
                      "required": true
                    },
                    "ttl_in_hours": {
                      "type": "number",
                      "description_kind": "plain",
                      "optional": true
                    }
                  },
                  "description_kind": "plain"
                }
              },
              "extension": {
                "nesting_mode": "set",
                "block": {
                  "attributes": {
                    "api_version": {
                      "type": "string",
                      "description_kind": "plain",
                      "required": true
                    },
                    "minor_version_auto_upgrade": {
                      "type": "bool",
                      "description_kind": "plain",
                      "required": true
                    },
                    "name": {
                      "type": "string",
                      "description_kind": "plain",
                      "required": true
                    },
                    "protected_settings": {
                      "type": [
                        "map",
                        "string"
                      ],
                      "description_kind": "plain",
                      "optional": true,
                      "computed": true
                    },
                    "public_settings": {
                      "type": [
                        "map",
                        "string"
                      ],
                      "description_kind": "plain",
                      "optional": true,
                      "computed": true
                    },
                    "publisher": {
                      "type": "string",
                      "description_kind": "plain",
                      "required": true
                    },
                    "type": {
                      "type": "string",
                      "description_kind": "plain",
                      "required": true
                    }
                  },
                  "description_kind": "plain"
                }
              },
              "health": {
                "nesting_mode": "list",
                "block": {
                  "attributes": {
                    "auto_healing": {
                      "type": "bool",
                      "description_kind": "plain",
                      "required": true
                    },
                    "grace_period": {
                      "type": "number",
                      "description_kind": "plain",
                      "optional": true,
                      "computed": true
                    },
                    "health_check_types": {
                      "type": [
                        "list",
                        "string"
                      ],
                      "description_kind": "plain",
                      "required": true
                    },
                    "unhealthy_duration": {
                      "type": "number",
                      "description_kind": "plain",
                      "optional": true,
                      "computed": true
                    }
                  },
                  "description_kind": "plain"
                },
                "max_items": 1
              },
              "image": {
                "nesting_mode": "list",
                "block": {
                  "block_types": {
                    "custom_image": {
                      "nesting_mode": "list",
                      "block": {
                        "attributes": {
                          "custom_image_resource_group_name": {
                            "type": "string",
                            "description_kind": "plain",
                            "required": true
                          },
                          "name": {
                            "type": "string",
                            "description_kind": "plain",
                            "required": true
                          }
                        },
                        "description_kind": "plain"
                      }
                    },
                    "gallery": {
                      "nesting_mode": "list",
                      "block": {
                        "attributes": {
                          "gallery_name": {
                            "type": "string",
                            "description_kind": "plain",
                            "required": true
                          },
                          "gallery_resource_group_name": {
                            "type": "string",
                            "description_kind": "plain",
                            "required": true
                          },
                          "image_name": {
                            "type": "string",
                            "description_kind": "plain",
                            "required": true
                          },
                          "version_name": {
                            "type": "string",
                            "description_kind": "plain",
                            "required": true
                          }
                        },
                        "description_kind": "plain"
                      }
                    },
                    "marketplace_image": {
                      "nesting_mode": "list",
                      "block": {
                        "attributes": {
                          "offer": {
                            "type": "string",
                            "description_kind": "plain",
                            "required": true
                          },
                          "publisher": {
                            "type": "string",
                            "description_kind": "plain",
                            "required": true
                          },
                          "sku": {
                            "type": "string",
                            "description_kind": "plain",
                            "required": true
                          },
                          "version": {
                            "type": "string",
                            "description_kind": "plain",
                            "required": true
                          }
                        },
                        "description_kind": "plain"
                      }
                    }
                  },
                  "description_kind": "plain"
                },
                "min_items": 1,
                "max_items": 1
              },
              "import_vm": {
                "nesting_mode": "list",
                "block": {
                  "attributes": {
                    "draining_timeout": {
                      "type": "number",
                      "description_kind": "plain",
                      "optional": true
                    },
                    "original_vm_name": {
                      "type": "string",
                      "description_kind": "plain",
                      "required": true
                    },
                    "resource_group_name": {
                      "type": "string",
                      "description_kind": "plain",
                      "required": true
                    },
                    "resources_retention_time": {
                      "type": "number",
                      "description_kind": "plain",
                      "optional": true
                    }
                  },
                  "description_kind": "plain"
                }
              },
              "load_balancer": {
                "nesting_mode": "set",
                "block": {
                  "attributes": {
                    "backend_pool_names": {
                      "type": [
                        "list",
                        "string"
                      ],
                      "description_kind": "plain",
                      "required": true
                    },
                    "name": {
                      "type": "string",
                      "description_kind": "plain",
                      "required": true
                    },
                    "resource_group_name": {
                      "type": "string",
                      "description_kind": "plain",
                      "required": true
                    },
                    "sku": {
                      "type": "string",
                      "description_kind": "plain",
                      "optional": true,
                      "computed": true
                    },
                    "type": {
                      "type": "string",
                      "description_kind": "plain",
                      "required": true
                    }
                  },
                  "description_kind": "plain"
                }
              },
              "login": {
                "nesting_mode": "list",
                "block": {
                  "attributes": {
                    "password": {
                      "type": "string",
                      "description_kind": "plain",
                      "optional": true,
                      "computed": true
                    },
                    "ssh_public_key": {
                      "type": "string",
                      "description_kind": "plain",
                      "optional": true,
                      "computed": true
                    },
                    "user_name": {
                      "type": "string",
                      "description_kind": "plain",
                      "required": true
                    }
                  },
                  "description_kind": "plain"
                },
                "min_items": 1,
                "max_items": 1
              },
              "managed_service_identities": {
                "nesting_mode": "set",
                "block": {
                  "attributes": {
                    "name": {
                      "type": "string",
                      "description_kind": "plain",
                      "required": true
                    },
                    "resource_group_name": {
                      "type": "string",
                      "description_kind": "plain",
                      "required": true
                    }
                  },
                  "description_kind": "plain"
                }
              },
              "network": {
                "nesting_mode": "list",
                "block": {
                  "attributes": {
                    "network_resource_group_name": {
                      "type": "string",
                      "description_kind": "plain",
                      "required": true
                    },
                    "virtual_network_name": {
                      "type": "string",
                      "description_kind": "plain",
                      "required": true
                    }
                  },
                  "block_types": {
                    "network_interface": {
                      "nesting_mode": "list",
                      "block": {
                        "attributes": {
                          "assign_public_ip": {
                            "type": "bool",
                            "description_kind": "plain",
                            "optional": true,
                            "computed": true
                          },
                          "enable_ip_forwarding": {
                            "type": "bool",
                            "description_kind": "plain",
                            "optional": true,
                            "computed": true
                          },
                          "is_primary": {
                            "type": "bool",
                            "description_kind": "plain",
                            "required": true
                          },
                          "private_ip_addresses": {
                            "type": [
                              "list",
                              "string"
                            ],
                            "description_kind": "plain",
                            "optional": true,
                            "computed": true
                          },
                          "public_ip_sku": {
                            "type": "string",
                            "description_kind": "plain",
                            "optional": true,
                            "computed": true
                          },
                          "subnet_name": {
                            "type": "string",
                            "description_kind": "plain",
                            "required": true
                          }
                        },
                        "block_types": {
                          "additional_ip_configurations": {
                            "nesting_mode": "list",
                            "block": {
                              "attributes": {
                                "name": {
                                  "type": "string",
                                  "description_kind": "plain",
                                  "required": true
                                },
                                "private_ip_address_version": {
                                  "type": "string",
                                  "description_kind": "plain",
                                  "required": true
                                }
                              },
                              "description_kind": "plain"
                            }
                          },
                          "application_security_groups": {
                            "nesting_mode": "list",
                            "block": {
                              "attributes": {
                                "name": {
                                  "type": "string",
                                  "description_kind": "plain",
                                  "required": true
                                },
                                "network_resource_group_name": {
                                  "type": "string",
                                  "description_kind": "plain",
                                  "required": true
                                }
                              },
                              "description_kind": "plain"
                            }
                          },
                          "network_security_group": {
                            "nesting_mode": "list",
                            "block": {
                              "attributes": {
                                "name": {
                                  "type": "string",
                                  "description_kind": "plain",
                                  "optional": true,
                                  "computed": true
                                },
                                "network_resource_group_name": {
                                  "type": "string",
                                  "description_kind": "plain",
                                  "optional": true,
                                  "computed": true
                                }
                              },
                              "description_kind": "plain"
                            }
                          },
                          "public_ips": {
                            "nesting_mode": "list",
                            "block": {
                              "attributes": {
                                "name": {
                                  "type": "string",
                                  "description_kind": "plain",
                                  "required": true
                                },
                                "network_resource_group_name": {
                                  "type": "string",
                                  "description_kind": "plain",
                                  "required": true
                                }
                              },
                              "description_kind": "plain"
                            }
                          }
                        },
                        "description_kind": "plain"
                      },
                      "min_items": 1
                    }
                  },
                  "description_kind": "plain"
                },
                "min_items": 1,
                "max_items": 1
              },
              "os_disk": {
                "nesting_mode": "list",
                "block": {
                  "attributes": {
                    "size_gb": {
                      "type": "number",
                      "description_kind": "plain",
                      "optional": true,
                      "computed": true
                    },
                    "type": {
                      "type": "string",
                      "description_kind": "plain",
                      "required": true
                    }
                  },
                  "description_kind": "plain"
                },
                "max_items": 1
              },
              "scheduling_task": {
                "nesting_mode": "set",
                "block": {
                  "attributes": {
                    "cron_expression": {
                      "type": "string",
                      "description_kind": "plain",
                      "required": true
                    },
                    "is_enabled": {
                      "type": "bool",
                      "description_kind": "plain",
                      "required": true
                    },
                    "type": {
                      "type": "string",
                      "description_kind": "plain",
                      "required": true
                    }
                  },
                  "description_kind": "plain"
                }
              },
              "secret": {
                "nesting_mode": "set",
                "block": {
                  "block_types": {
                    "source_vault": {
                      "nesting_mode": "list",
                      "block": {
                        "attributes": {
                          "name": {
                            "type": "string",
                            "description_kind": "plain",
                            "required": true
                          },
                          "resource_group_name": {
                            "type": "string",
                            "description_kind": "plain",
                            "required": true
                          }
                        },
                        "description_kind": "plain"
                      },
                      "min_items": 1
                    },
                    "vault_certificates": {
                      "nesting_mode": "list",
                      "block": {
                        "attributes": {
                          "certificate_store": {
                            "type": "string",
                            "description_kind": "plain",
                            "optional": true,
                            "computed": true
                          },
                          "certificate_url": {
                            "type": "string",
                            "description_kind": "plain",
                            "optional": true,
                            "computed": true
                          }
                        },
                        "description_kind": "plain"
                      },
                      "min_items": 1
                    }
                  },
                  "description_kind": "plain"
                }
              },
              "signal": {
                "nesting_mode": "list",
                "block": {
                  "attributes": {
                    "timeout": {
                      "type": "number",
                      "description_kind": "plain",
                      "required": true
                    },
                    "type": {
                      "type": "string",
                      "description_kind": "plain",
                      "required": true
                    }
                  },
                  "description_kind": "plain"
                }
              },
              "strategy": {
                "nesting_mode": "list",
                "block": {
                  "attributes": {
                    "draining_timeout": {
                      "type": "number",
                      "description_kind": "plain",
                      "optional": true,
                      "computed": true
                    },
                    "fallback_to_on_demand": {
                      "type": "bool",
                      "description_kind": "plain",
                      "required": true
                    },
                    "optimization_windows": {
                      "type": [
                        "list",
                        "string"
                      ],
                      "description_kind": "plain",
                      "optional": true
                    },
                    "preferred_life_cycle": {
                      "type": "string",
                      "description_kind": "plain",
                      "optional": true,
                      "computed": true
                    }
                  },
                  "block_types": {
                    "revert_to_spot": {
                      "nesting_mode": "list",
                      "block": {
                        "attributes": {
                          "perform_at": {
                            "type": "string",
                            "description_kind": "plain",
                            "required": true
                          }
                        },
                        "description_kind": "plain"
                      },
                      "max_items": 1
                    }
                  },
                  "description_kind": "plain"
                },
                "min_items": 1,
                "max_items": 1
              },
              "tag": {
                "nesting_mode": "set",
                "block": {
                  "attributes": {
                    "tag_key": {
                      "type": "string",
                      "description_kind": "plain",
                      "required": true
                    },
                    "tag_value": {
                      "type": "string",
                      "description_kind": "plain",
                      "optional": true
                    }
                  },
                  "description_kind": "plain"
                }
              },
              "update_state": {
                "nesting_mode": "list",
                "block": {
                  "attributes": {
                    "state": {
                      "type": "string",
                      "description_kind": "plain",
                      "required": true
                    }
                  },
                  "description_kind": "plain"
                }
              }
            },
            "description_kind": "plain"
          }
        },
        "spotinst_subscription": {
          "version": 0,
          "block": {
            "attributes": {
              "endpoint": {
                "type": "string",
                "description_kind": "plain",
                "required": true
              },
              "event_type": {
                "type": "string",
                "description_kind": "plain",
                "required": true
              },
              "format": {
                "type": [
                  "map",
                  "string"
                ],
                "description_kind": "plain",
                "optional": true
              },
              "id": {
                "type": "string",
                "description_kind": "plain",
                "optional": true,
                "computed": true
              },
              "protocol": {
                "type": "string",
                "description_kind": "plain",
                "required": true
              },
              "resource_id": {
                "type": "string",
                "description_kind": "plain",
                "required": true
              }
            },
            "description_kind": "plain"
          }
        }
      }
    }
  }
}
