{
  "format_version": "1.0",
  "provider_schemas": {
    "registry.terraform.io/stackpath/stackpath": {
      "provider": {
        "version": 0,
        "block": {
          "attributes": {
            "access_token": {
              "type": "string",
              "description_kind": "plain",
              "optional": true,
              "sensitive": true
            },
            "base_url": {
              "type": "string",
              "description_kind": "plain",
              "optional": true
            },
            "client_id": {
              "type": "string",
              "description_kind": "plain",
              "optional": true,
              "sensitive": true
            },
            "client_secret": {
              "type": "string",
              "description_kind": "plain",
              "optional": true,
              "sensitive": true
            },
            "stack_id": {
              "type": "string",
              "description_kind": "plain",
              "optional": true
            }
          },
          "description_kind": "plain"
        }
      },
      "resource_schemas": {
        "stackpath_compute_network_policy": {
          "version": 0,
          "block": {
            "attributes": {
              "annotations": {
                "type": [
                  "map",
                  "string"
                ],
                "description_kind": "plain",
                "optional": true
              },
              "description": {
                "type": "string",
                "description_kind": "plain",
                "optional": true
              },
              "id": {
                "type": "string",
                "description_kind": "plain",
                "optional": true,
                "computed": true
              },
              "labels": {
                "type": [
                  "map",
                  "string"
                ],
                "description_kind": "plain",
                "optional": true
              },
              "name": {
                "type": "string",
                "description_kind": "plain",
                "required": true
              },
              "policy_types": {
                "type": [
                  "list",
                  "string"
                ],
                "description_kind": "plain",
                "required": true
              },
              "priority": {
                "type": "number",
                "description_kind": "plain",
                "required": true
              },
              "slug": {
                "type": "string",
                "description_kind": "plain",
                "required": true
              },
              "version": {
                "type": "string",
                "description_kind": "plain",
                "computed": true
              }
            },
            "block_types": {
              "egress": {
                "nesting_mode": "list",
                "block": {
                  "attributes": {
                    "action": {
                      "type": "string",
                      "description_kind": "plain",
                      "required": true
                    },
                    "description": {
                      "type": "string",
                      "description_kind": "plain",
                      "optional": true
                    }
                  },
                  "block_types": {
                    "protocol": {
                      "nesting_mode": "list",
                      "block": {
                        "block_types": {
                          "ah": {
                            "nesting_mode": "list",
                            "block": {
                              "description_kind": "plain"
                            },
                            "max_items": 1
                          },
                          "esp": {
                            "nesting_mode": "list",
                            "block": {
                              "description_kind": "plain"
                            },
                            "max_items": 1
                          },
                          "gre": {
                            "nesting_mode": "list",
                            "block": {
                              "description_kind": "plain"
                            },
                            "max_items": 1
                          },
                          "icmp": {
                            "nesting_mode": "list",
                            "block": {
                              "description_kind": "plain"
                            },
                            "max_items": 1
                          },
                          "tcp": {
                            "nesting_mode": "list",
                            "block": {
                              "attributes": {
                                "destination_ports": {
                                  "type": [
                                    "list",
                                    "string"
                                  ],
                                  "description_kind": "plain",
                                  "optional": true
                                },
                                "source_ports": {
                                  "type": [
                                    "list",
                                    "string"
                                  ],
                                  "description_kind": "plain",
                                  "optional": true
                                }
                              },
                              "description_kind": "plain"
                            },
                            "max_items": 1
                          },
                          "tcp_udp": {
                            "nesting_mode": "list",
                            "block": {
                              "attributes": {
                                "destination_ports": {
                                  "type": [
                                    "list",
                                    "string"
                                  ],
                                  "description_kind": "plain",
                                  "optional": true
                                },
                                "source_ports": {
                                  "type": [
                                    "list",
                                    "string"
                                  ],
                                  "description_kind": "plain",
                                  "optional": true
                                }
                              },
                              "description_kind": "plain"
                            },
                            "max_items": 1
                          },
                          "udp": {
                            "nesting_mode": "list",
                            "block": {
                              "attributes": {
                                "destination_ports": {
                                  "type": [
                                    "list",
                                    "string"
                                  ],
                                  "description_kind": "plain",
                                  "optional": true
                                },
                                "source_ports": {
                                  "type": [
                                    "list",
                                    "string"
                                  ],
                                  "description_kind": "plain",
                                  "optional": true
                                }
                              },
                              "description_kind": "plain"
                            },
                            "max_items": 1
                          }
                        },
                        "description_kind": "plain"
                      },
                      "max_items": 1
                    },
                    "to": {
                      "nesting_mode": "list",
                      "block": {
                        "block_types": {
                          "instance_selector": {
                            "nesting_mode": "list",
                            "block": {
                              "attributes": {
                                "key": {
                                  "type": "string",
                                  "description_kind": "plain",
                                  "required": true
                                },
                                "operator": {
                                  "type": "string",
                                  "description_kind": "plain",
                                  "required": true
                                },
                                "values": {
                                  "type": [
                                    "list",
                                    "string"
                                  ],
                                  "description_kind": "plain",
                                  "required": true
                                }
                              },
                              "description_kind": "plain"
                            }
                          },
                          "ip_block": {
                            "nesting_mode": "list",
                            "block": {
                              "attributes": {
                                "cidr": {
                                  "type": "string",
                                  "description_kind": "plain",
                                  "required": true
                                },
                                "except": {
                                  "type": [
                                    "list",
                                    "string"
                                  ],
                                  "description_kind": "plain",
                                  "optional": true
                                }
                              },
                              "description_kind": "plain"
                            }
                          },
                          "network_selector": {
                            "nesting_mode": "list",
                            "block": {
                              "attributes": {
                                "key": {
                                  "type": "string",
                                  "description_kind": "plain",
                                  "required": true
                                },
                                "operator": {
                                  "type": "string",
                                  "description_kind": "plain",
                                  "required": true
                                },
                                "values": {
                                  "type": [
                                    "list",
                                    "string"
                                  ],
                                  "description_kind": "plain",
                                  "required": true
                                }
                              },
                              "description_kind": "plain"
                            }
                          }
                        },
                        "description_kind": "plain"
                      },
                      "max_items": 1
                    }
                  },
                  "description_kind": "plain"
                }
              },
              "ingress": {
                "nesting_mode": "list",
                "block": {
                  "attributes": {
                    "action": {
                      "type": "string",
                      "description_kind": "plain",
                      "required": true
                    },
                    "description": {
                      "type": "string",
                      "description_kind": "plain",
                      "optional": true
                    }
                  },
                  "block_types": {
                    "from": {
                      "nesting_mode": "list",
                      "block": {
                        "block_types": {
                          "instance_selector": {
                            "nesting_mode": "list",
                            "block": {
                              "attributes": {
                                "key": {
                                  "type": "string",
                                  "description_kind": "plain",
                                  "required": true
                                },
                                "operator": {
                                  "type": "string",
                                  "description_kind": "plain",
                                  "required": true
                                },
                                "values": {
                                  "type": [
                                    "list",
                                    "string"
                                  ],
                                  "description_kind": "plain",
                                  "required": true
                                }
                              },
                              "description_kind": "plain"
                            }
                          },
                          "ip_block": {
                            "nesting_mode": "list",
                            "block": {
                              "attributes": {
                                "cidr": {
                                  "type": "string",
                                  "description_kind": "plain",
                                  "required": true
                                },
                                "except": {
                                  "type": [
                                    "list",
                                    "string"
                                  ],
                                  "description_kind": "plain",
                                  "optional": true
                                }
                              },
                              "description_kind": "plain"
                            }
                          },
                          "network_selector": {
                            "nesting_mode": "list",
                            "block": {
                              "attributes": {
                                "key": {
                                  "type": "string",
                                  "description_kind": "plain",
                                  "required": true
                                },
                                "operator": {
                                  "type": "string",
                                  "description_kind": "plain",
                                  "required": true
                                },
                                "values": {
                                  "type": [
                                    "list",
                                    "string"
                                  ],
                                  "description_kind": "plain",
                                  "required": true
                                }
                              },
                              "description_kind": "plain"
                            }
                          }
                        },
                        "description_kind": "plain"
                      },
                      "max_items": 1
                    },
                    "protocol": {
                      "nesting_mode": "list",
                      "block": {
                        "block_types": {
                          "ah": {
                            "nesting_mode": "list",
                            "block": {
                              "description_kind": "plain"
                            },
                            "max_items": 1
                          },
                          "esp": {
                            "nesting_mode": "list",
                            "block": {
                              "description_kind": "plain"
                            },
                            "max_items": 1
                          },
                          "gre": {
                            "nesting_mode": "list",
                            "block": {
                              "description_kind": "plain"
                            },
                            "max_items": 1
                          },
                          "icmp": {
                            "nesting_mode": "list",
                            "block": {
                              "description_kind": "plain"
                            },
                            "max_items": 1
                          },
                          "tcp": {
                            "nesting_mode": "list",
                            "block": {
                              "attributes": {
                                "destination_ports": {
                                  "type": [
                                    "list",
                                    "string"
                                  ],
                                  "description_kind": "plain",
                                  "optional": true
                                },
                                "source_ports": {
                                  "type": [
                                    "list",
                                    "string"
                                  ],
                                  "description_kind": "plain",
                                  "optional": true
                                }
                              },
                              "description_kind": "plain"
                            },
                            "max_items": 1
                          },
                          "tcp_udp": {
                            "nesting_mode": "list",
                            "block": {
                              "attributes": {
                                "destination_ports": {
                                  "type": [
                                    "list",
                                    "string"
                                  ],
                                  "description_kind": "plain",
                                  "optional": true
                                },
                                "source_ports": {
                                  "type": [
                                    "list",
                                    "string"
                                  ],
                                  "description_kind": "plain",
                                  "optional": true
                                }
                              },
                              "description_kind": "plain"
                            },
                            "max_items": 1
                          },
                          "udp": {
                            "nesting_mode": "list",
                            "block": {
                              "attributes": {
                                "destination_ports": {
                                  "type": [
                                    "list",
                                    "string"
                                  ],
                                  "description_kind": "plain",
                                  "optional": true
                                },
                                "source_ports": {
                                  "type": [
                                    "list",
                                    "string"
                                  ],
                                  "description_kind": "plain",
                                  "optional": true
                                }
                              },
                              "description_kind": "plain"
                            },
                            "max_items": 1
                          }
                        },
                        "description_kind": "plain"
                      },
                      "max_items": 1
                    }
                  },
                  "description_kind": "plain"
                }
              },
              "instance_selector": {
                "nesting_mode": "list",
                "block": {
                  "attributes": {
                    "key": {
                      "type": "string",
                      "description_kind": "plain",
                      "required": true
                    },
                    "operator": {
                      "type": "string",
                      "description_kind": "plain",
                      "required": true
                    },
                    "values": {
                      "type": [
                        "list",
                        "string"
                      ],
                      "description_kind": "plain",
                      "required": true
                    }
                  },
                  "description_kind": "plain"
                }
              },
              "network_selector": {
                "nesting_mode": "list",
                "block": {
                  "attributes": {
                    "key": {
                      "type": "string",
                      "description_kind": "plain",
                      "required": true
                    },
                    "operator": {
                      "type": "string",
                      "description_kind": "plain",
                      "required": true
                    },
                    "values": {
                      "type": [
                        "list",
                        "string"
                      ],
                      "description_kind": "plain",
                      "required": true
                    }
                  },
                  "description_kind": "plain"
                }
              }
            },
            "description_kind": "plain"
          }
        },
        "stackpath_compute_vpc_network": {
          "version": 0,
          "block": {
            "attributes": {
              "annotations": {
                "type": [
                  "map",
                  "string"
                ],
                "description_kind": "plain",
                "optional": true
              },
              "id": {
                "type": "string",
                "description_kind": "plain",
                "optional": true,
                "computed": true
              },
              "ip_families": {
                "type": [
                  "list",
                  "string"
                ],
                "description_kind": "plain",
                "optional": true,
                "computed": true
              },
              "ipv6_subnet": {
                "type": "string",
                "description_kind": "plain",
                "optional": true
              },
              "labels": {
                "type": [
                  "map",
                  "string"
                ],
                "description_kind": "plain",
                "optional": true
              },
              "name": {
                "type": "string",
                "description_kind": "plain",
                "required": true
              },
              "root_subnet": {
                "type": "string",
                "description_kind": "plain",
                "required": true
              },
              "slug": {
                "type": "string",
                "description_kind": "plain",
                "required": true
              },
              "version": {
                "type": "string",
                "description_kind": "plain",
                "computed": true
              },
              "virtual_network_identifier": {
                "type": "number",
                "description_kind": "plain",
                "computed": true
              }
            },
            "description_kind": "plain"
          }
        },
        "stackpath_compute_vpc_network_subnet": {
          "version": 0,
          "block": {
            "attributes": {
              "annotations": {
                "type": [
                  "map",
                  "string"
                ],
                "description_kind": "plain",
                "optional": true
              },
              "id": {
                "type": "string",
                "description_kind": "plain",
                "optional": true,
                "computed": true
              },
              "labels": {
                "type": [
                  "map",
                  "string"
                ],
                "description_kind": "plain",
                "optional": true
              },
              "name": {
                "type": "string",
                "description_kind": "plain",
                "required": true
              },
              "network_id": {
                "type": "string",
                "description_kind": "plain",
                "required": true
              },
              "prefix": {
                "type": "string",
                "description_kind": "plain",
                "required": true
              },
              "slug": {
                "type": "string",
                "description_kind": "plain",
                "optional": true,
                "computed": true
              },
              "version": {
                "type": "string",
                "description_kind": "plain",
                "computed": true
              }
            },
            "description_kind": "plain"
          }
        },
        "stackpath_compute_vpc_route": {
          "version": 0,
          "block": {
            "attributes": {
              "annotations": {
                "type": [
                  "map",
                  "string"
                ],
                "description_kind": "plain",
                "optional": true
              },
              "destination_prefixes": {
                "type": [
                  "list",
                  "string"
                ],
                "description_kind": "plain",
                "required": true
              },
              "id": {
                "type": "string",
                "description_kind": "plain",
                "optional": true,
                "computed": true
              },
              "labels": {
                "type": [
                  "map",
                  "string"
                ],
                "description_kind": "plain",
                "optional": true
              },
              "name": {
                "type": "string",
                "description_kind": "plain",
                "required": true
              },
              "network_id": {
                "type": "string",
                "description_kind": "plain",
                "required": true
              },
              "slug": {
                "type": "string",
                "description_kind": "plain",
                "optional": true,
                "computed": true
              },
              "version": {
                "type": "string",
                "description_kind": "plain",
                "computed": true
              }
            },
            "block_types": {
              "gateway_selectors": {
                "nesting_mode": "list",
                "block": {
                  "block_types": {
                    "interface_selectors": {
                      "nesting_mode": "list",
                      "block": {
                        "attributes": {
                          "key": {
                            "type": "string",
                            "description_kind": "plain",
                            "required": true
                          },
                          "operator": {
                            "type": "string",
                            "description_kind": "plain",
                            "required": true
                          },
                          "values": {
                            "type": [
                              "list",
                              "string"
                            ],
                            "description_kind": "plain",
                            "required": true
                          }
                        },
                        "description_kind": "plain"
                      },
                      "min_items": 1
                    }
                  },
                  "description_kind": "plain"
                }
              }
            },
            "description_kind": "plain"
          }
        },
        "stackpath_compute_workload": {
          "version": 0,
          "block": {
            "attributes": {
              "annotations": {
                "type": [
                  "map",
                  "string"
                ],
                "description_kind": "plain",
                "optional": true,
                "computed": true
              },
              "id": {
                "type": "string",
                "description_kind": "plain",
                "optional": true,
                "computed": true
              },
              "labels": {
                "type": [
                  "map",
                  "string"
                ],
                "description_kind": "plain",
                "optional": true
              },
              "name": {
                "type": "string",
                "description_kind": "plain",
                "required": true
              },
              "slug": {
                "type": "string",
                "description_kind": "plain",
                "required": true
              }
            },
            "block_types": {
              "container": {
                "nesting_mode": "list",
                "block": {
                  "attributes": {
                    "command": {
                      "type": [
                        "list",
                        "string"
                      ],
                      "description_kind": "plain",
                      "optional": true
                    },
                    "image": {
                      "type": "string",
                      "description_kind": "plain",
                      "required": true
                    },
                    "name": {
                      "type": "string",
                      "description_kind": "plain",
                      "required": true
                    }
                  },
                  "block_types": {
                    "env": {
                      "nesting_mode": "list",
                      "block": {
                        "attributes": {
                          "key": {
                            "type": "string",
                            "description_kind": "plain",
                            "required": true
                          },
                          "secret_value": {
                            "type": "string",
                            "description_kind": "plain",
                            "optional": true,
                            "sensitive": true
                          },
                          "value": {
                            "type": "string",
                            "description_kind": "plain",
                            "optional": true
                          }
                        },
                        "description_kind": "plain"
                      }
                    },
                    "liveness_probe": {
                      "nesting_mode": "list",
                      "block": {
                        "attributes": {
                          "failure_threshold": {
                            "type": "number",
                            "description_kind": "plain",
                            "required": true
                          },
                          "initial_delay_seconds": {
                            "type": "number",
                            "description_kind": "plain",
                            "optional": true
                          },
                          "period_seconds": {
                            "type": "number",
                            "description_kind": "plain",
                            "optional": true
                          },
                          "success_threshold": {
                            "type": "number",
                            "description_kind": "plain",
                            "required": true
                          },
                          "timeout_seconds": {
                            "type": "number",
                            "description_kind": "plain",
                            "optional": true
                          }
                        },
                        "block_types": {
                          "http_get": {
                            "nesting_mode": "list",
                            "block": {
                              "attributes": {
                                "http_headers": {
                                  "type": [
                                    "map",
                                    "string"
                                  ],
                                  "description_kind": "plain",
                                  "optional": true
                                },
                                "path": {
                                  "type": "string",
                                  "description_kind": "plain",
                                  "optional": true
                                },
                                "port": {
                                  "type": "number",
                                  "description_kind": "plain",
                                  "required": true
                                },
                                "scheme": {
                                  "type": "string",
                                  "description_kind": "plain",
                                  "optional": true
                                }
                              },
                              "description_kind": "plain"
                            },
                            "max_items": 1
                          },
                          "tcp_socket": {
                            "nesting_mode": "list",
                            "block": {
                              "attributes": {
                                "port": {
                                  "type": "number",
                                  "description_kind": "plain",
                                  "required": true
                                }
                              },
                              "description_kind": "plain"
                            },
                            "max_items": 1
                          }
                        },
                        "description_kind": "plain"
                      },
                      "max_items": 1
                    },
                    "port": {
                      "nesting_mode": "list",
                      "block": {
                        "attributes": {
                          "enable_implicit_network_policy": {
                            "type": "bool",
                            "description_kind": "plain",
                            "optional": true
                          },
                          "name": {
                            "type": "string",
                            "description_kind": "plain",
                            "required": true
                          },
                          "port": {
                            "type": "number",
                            "description_kind": "plain",
                            "required": true
                          },
                          "protocol": {
                            "type": "string",
                            "description_kind": "plain",
                            "optional": true
                          }
                        },
                        "description_kind": "plain"
                      }
                    },
                    "readiness_probe": {
                      "nesting_mode": "list",
                      "block": {
                        "attributes": {
                          "failure_threshold": {
                            "type": "number",
                            "description_kind": "plain",
                            "required": true
                          },
                          "initial_delay_seconds": {
                            "type": "number",
                            "description_kind": "plain",
                            "optional": true
                          },
                          "period_seconds": {
                            "type": "number",
                            "description_kind": "plain",
                            "optional": true
                          },
                          "success_threshold": {
                            "type": "number",
                            "description_kind": "plain",
                            "required": true
                          },
                          "timeout_seconds": {
                            "type": "number",
                            "description_kind": "plain",
                            "optional": true
                          }
                        },
                        "block_types": {
                          "http_get": {
                            "nesting_mode": "list",
                            "block": {
                              "attributes": {
                                "http_headers": {
                                  "type": [
                                    "map",
                                    "string"
                                  ],
                                  "description_kind": "plain",
                                  "optional": true
                                },
                                "path": {
                                  "type": "string",
                                  "description_kind": "plain",
                                  "optional": true
                                },
                                "port": {
                                  "type": "number",
                                  "description_kind": "plain",
                                  "required": true
                                },
                                "scheme": {
                                  "type": "string",
                                  "description_kind": "plain",
                                  "optional": true
                                }
                              },
                              "description_kind": "plain"
                            },
                            "max_items": 1
                          },
                          "tcp_socket": {
                            "nesting_mode": "list",
                            "block": {
                              "attributes": {
                                "port": {
                                  "type": "number",
                                  "description_kind": "plain",
                                  "required": true
                                }
                              },
                              "description_kind": "plain"
                            },
                            "max_items": 1
                          }
                        },
                        "description_kind": "plain"
                      },
                      "max_items": 1
                    },
                    "resources": {
                      "nesting_mode": "list",
                      "block": {
                        "attributes": {
                          "requests": {
                            "type": [
                              "map",
                              "string"
                            ],
                            "description_kind": "plain",
                            "required": true
                          }
                        },
                        "description_kind": "plain"
                      },
                      "min_items": 1,
                      "max_items": 1
                    },
                    "volume_mount": {
                      "nesting_mode": "list",
                      "block": {
                        "attributes": {
                          "mount_path": {
                            "type": "string",
                            "description_kind": "plain",
                            "required": true
                          },
                          "slug": {
                            "type": "string",
                            "description_kind": "plain",
                            "required": true
                          }
                        },
                        "description_kind": "plain"
                      }
                    }
                  },
                  "description_kind": "plain"
                }
              },
              "image_pull_credentials": {
                "nesting_mode": "list",
                "block": {
                  "block_types": {
                    "docker_registry": {
                      "nesting_mode": "list",
                      "block": {
                        "attributes": {
                          "email": {
                            "type": "string",
                            "description_kind": "plain",
                            "optional": true,
                            "sensitive": true
                          },
                          "password": {
                            "type": "string",
                            "description_kind": "plain",
                            "required": true,
                            "sensitive": true
                          },
                          "server": {
                            "type": "string",
                            "description_kind": "plain",
                            "optional": true
                          },
                          "username": {
                            "type": "string",
                            "description_kind": "plain",
                            "required": true
                          }
                        },
                        "description_kind": "plain"
                      },
                      "min_items": 1,
                      "max_items": 1
                    }
                  },
                  "description_kind": "plain"
                }
              },
              "instances": {
                "nesting_mode": "list",
                "block": {
                  "attributes": {
                    "external_ip_address": {
                      "type": "string",
                      "description_kind": "plain",
                      "optional": true
                    },
                    "external_ipv6_address": {
                      "type": "string",
                      "description_kind": "plain",
                      "optional": true
                    },
                    "ip_address": {
                      "type": "string",
                      "description_kind": "plain",
                      "optional": true
                    },
                    "ipv6_address": {
                      "type": "string",
                      "description_kind": "plain",
                      "optional": true
                    },
                    "message": {
                      "type": "string",
                      "description_kind": "plain",
                      "optional": true
                    },
                    "name": {
                      "type": "string",
                      "description_kind": "plain",
                      "required": true
                    },
                    "phase": {
                      "type": "string",
                      "description_kind": "plain",
                      "optional": true
                    },
                    "reason": {
                      "type": "string",
                      "description_kind": "plain",
                      "optional": true
                    }
                  },
                  "block_types": {
                    "container": {
                      "nesting_mode": "list",
                      "block": {
                        "attributes": {
                          "command": {
                            "type": [
                              "list",
                              "string"
                            ],
                            "description_kind": "plain",
                            "optional": true
                          },
                          "image": {
                            "type": "string",
                            "description_kind": "plain",
                            "required": true
                          },
                          "name": {
                            "type": "string",
                            "description_kind": "plain",
                            "required": true
                          }
                        },
                        "block_types": {
                          "env": {
                            "nesting_mode": "list",
                            "block": {
                              "attributes": {
                                "key": {
                                  "type": "string",
                                  "description_kind": "plain",
                                  "required": true
                                },
                                "secret_value": {
                                  "type": "string",
                                  "description_kind": "plain",
                                  "optional": true,
                                  "sensitive": true
                                },
                                "value": {
                                  "type": "string",
                                  "description_kind": "plain",
                                  "optional": true
                                }
                              },
                              "description_kind": "plain"
                            }
                          },
                          "liveness_probe": {
                            "nesting_mode": "list",
                            "block": {
                              "attributes": {
                                "failure_threshold": {
                                  "type": "number",
                                  "description_kind": "plain",
                                  "required": true
                                },
                                "initial_delay_seconds": {
                                  "type": "number",
                                  "description_kind": "plain",
                                  "optional": true
                                },
                                "period_seconds": {
                                  "type": "number",
                                  "description_kind": "plain",
                                  "optional": true
                                },
                                "success_threshold": {
                                  "type": "number",
                                  "description_kind": "plain",
                                  "required": true
                                },
                                "timeout_seconds": {
                                  "type": "number",
                                  "description_kind": "plain",
                                  "optional": true
                                }
                              },
                              "block_types": {
                                "http_get": {
                                  "nesting_mode": "list",
                                  "block": {
                                    "attributes": {
                                      "http_headers": {
                                        "type": [
                                          "map",
                                          "string"
                                        ],
                                        "description_kind": "plain",
                                        "optional": true
                                      },
                                      "path": {
                                        "type": "string",
                                        "description_kind": "plain",
                                        "optional": true
                                      },
                                      "port": {
                                        "type": "number",
                                        "description_kind": "plain",
                                        "required": true
                                      },
                                      "scheme": {
                                        "type": "string",
                                        "description_kind": "plain",
                                        "optional": true
                                      }
                                    },
                                    "description_kind": "plain"
                                  },
                                  "max_items": 1
                                },
                                "tcp_socket": {
                                  "nesting_mode": "list",
                                  "block": {
                                    "attributes": {
                                      "port": {
                                        "type": "number",
                                        "description_kind": "plain",
                                        "required": true
                                      }
                                    },
                                    "description_kind": "plain"
                                  },
                                  "max_items": 1
                                }
                              },
                              "description_kind": "plain"
                            },
                            "max_items": 1
                          },
                          "port": {
                            "nesting_mode": "list",
                            "block": {
                              "attributes": {
                                "enable_implicit_network_policy": {
                                  "type": "bool",
                                  "description_kind": "plain",
                                  "optional": true
                                },
                                "name": {
                                  "type": "string",
                                  "description_kind": "plain",
                                  "required": true
                                },
                                "port": {
                                  "type": "number",
                                  "description_kind": "plain",
                                  "required": true
                                },
                                "protocol": {
                                  "type": "string",
                                  "description_kind": "plain",
                                  "optional": true
                                }
                              },
                              "description_kind": "plain"
                            }
                          },
                          "readiness_probe": {
                            "nesting_mode": "list",
                            "block": {
                              "attributes": {
                                "failure_threshold": {
                                  "type": "number",
                                  "description_kind": "plain",
                                  "required": true
                                },
                                "initial_delay_seconds": {
                                  "type": "number",
                                  "description_kind": "plain",
                                  "optional": true
                                },
                                "period_seconds": {
                                  "type": "number",
                                  "description_kind": "plain",
                                  "optional": true
                                },
                                "success_threshold": {
                                  "type": "number",
                                  "description_kind": "plain",
                                  "required": true
                                },
                                "timeout_seconds": {
                                  "type": "number",
                                  "description_kind": "plain",
                                  "optional": true
                                }
                              },
                              "block_types": {
                                "http_get": {
                                  "nesting_mode": "list",
                                  "block": {
                                    "attributes": {
                                      "http_headers": {
                                        "type": [
                                          "map",
                                          "string"
                                        ],
                                        "description_kind": "plain",
                                        "optional": true
                                      },
                                      "path": {
                                        "type": "string",
                                        "description_kind": "plain",
                                        "optional": true
                                      },
                                      "port": {
                                        "type": "number",
                                        "description_kind": "plain",
                                        "required": true
                                      },
                                      "scheme": {
                                        "type": "string",
                                        "description_kind": "plain",
                                        "optional": true
                                      }
                                    },
                                    "description_kind": "plain"
                                  },
                                  "max_items": 1
                                },
                                "tcp_socket": {
                                  "nesting_mode": "list",
                                  "block": {
                                    "attributes": {
                                      "port": {
                                        "type": "number",
                                        "description_kind": "plain",
                                        "required": true
                                      }
                                    },
                                    "description_kind": "plain"
                                  },
                                  "max_items": 1
                                }
                              },
                              "description_kind": "plain"
                            },
                            "max_items": 1
                          },
                          "resources": {
                            "nesting_mode": "list",
                            "block": {
                              "attributes": {
                                "requests": {
                                  "type": [
                                    "map",
                                    "string"
                                  ],
                                  "description_kind": "plain",
                                  "required": true
                                }
                              },
                              "description_kind": "plain"
                            },
                            "min_items": 1,
                            "max_items": 1
                          },
                          "volume_mount": {
                            "nesting_mode": "list",
                            "block": {
                              "attributes": {
                                "mount_path": {
                                  "type": "string",
                                  "description_kind": "plain",
                                  "required": true
                                },
                                "slug": {
                                  "type": "string",
                                  "description_kind": "plain",
                                  "required": true
                                }
                              },
                              "description_kind": "plain"
                            }
                          }
                        },
                        "description_kind": "plain"
                      }
                    },
                    "location": {
                      "nesting_mode": "list",
                      "block": {
                        "attributes": {
                          "city": {
                            "type": "string",
                            "description_kind": "plain",
                            "optional": true
                          },
                          "city_code": {
                            "type": "string",
                            "description_kind": "plain",
                            "optional": true
                          },
                          "continent": {
                            "type": "string",
                            "description_kind": "plain",
                            "optional": true
                          },
                          "continent_code": {
                            "type": "string",
                            "description_kind": "plain",
                            "optional": true
                          },
                          "country": {
                            "type": "string",
                            "description_kind": "plain",
                            "optional": true
                          },
                          "country_code": {
                            "type": "string",
                            "description_kind": "plain",
                            "optional": true
                          },
                          "latitude": {
                            "type": "number",
                            "description_kind": "plain",
                            "optional": true
                          },
                          "longitude": {
                            "type": "number",
                            "description_kind": "plain",
                            "optional": true
                          },
                          "name": {
                            "type": "string",
                            "description_kind": "plain",
                            "optional": true
                          },
                          "region": {
                            "type": "string",
                            "description_kind": "plain",
                            "optional": true
                          },
                          "region_code": {
                            "type": "string",
                            "description_kind": "plain",
                            "optional": true
                          },
                          "subdivision": {
                            "type": "string",
                            "description_kind": "plain",
                            "optional": true
                          },
                          "subdivision_code": {
                            "type": "string",
                            "description_kind": "plain",
                            "optional": true
                          }
                        },
                        "description_kind": "plain"
                      },
                      "max_items": 1
                    },
                    "metadata": {
                      "nesting_mode": "list",
                      "block": {
                        "attributes": {
                          "annotations": {
                            "type": [
                              "map",
                              "string"
                            ],
                            "description_kind": "plain",
                            "optional": true
                          },
                          "labels": {
                            "type": [
                              "map",
                              "string"
                            ],
                            "description_kind": "plain",
                            "optional": true
                          }
                        },
                        "description_kind": "plain"
                      },
                      "max_items": 1
                    },
                    "network_interface": {
                      "nesting_mode": "list",
                      "block": {
                        "attributes": {
                          "gateway": {
                            "type": "string",
                            "description_kind": "plain",
                            "required": true
                          },
                          "ip_address": {
                            "type": "string",
                            "description_kind": "plain",
                            "required": true
                          },
                          "ip_address_aliases": {
                            "type": [
                              "list",
                              "string"
                            ],
                            "description_kind": "plain",
                            "optional": true
                          },
                          "ipv6_address": {
                            "type": "string",
                            "description_kind": "plain",
                            "required": true
                          },
                          "ipv6_address_aliases": {
                            "type": [
                              "list",
                              "string"
                            ],
                            "description_kind": "plain",
                            "optional": true
                          },
                          "ipv6_gateway": {
                            "type": "string",
                            "description_kind": "plain",
                            "required": true
                          },
                          "network": {
                            "type": "string",
                            "description_kind": "plain",
                            "required": true
                          }
                        },
                        "description_kind": "plain"
                      }
                    },
                    "virtual_machine": {
                      "nesting_mode": "list",
                      "block": {
                        "attributes": {
                          "image": {
                            "type": "string",
                            "description_kind": "plain",
                            "required": true
                          },
                          "name": {
                            "type": "string",
                            "description_kind": "plain",
                            "required": true
                          },
                          "user_data": {
                            "type": "string",
                            "description_kind": "plain",
                            "optional": true
                          }
                        },
                        "block_types": {
                          "liveness_probe": {
                            "nesting_mode": "list",
                            "block": {
                              "attributes": {
                                "failure_threshold": {
                                  "type": "number",
                                  "description_kind": "plain",
                                  "required": true
                                },
                                "initial_delay_seconds": {
                                  "type": "number",
                                  "description_kind": "plain",
                                  "optional": true
                                },
                                "period_seconds": {
                                  "type": "number",
                                  "description_kind": "plain",
                                  "optional": true
                                },
                                "success_threshold": {
                                  "type": "number",
                                  "description_kind": "plain",
                                  "required": true
                                },
                                "timeout_seconds": {
                                  "type": "number",
                                  "description_kind": "plain",
                                  "optional": true
                                }
                              },
                              "block_types": {
                                "http_get": {
                                  "nesting_mode": "list",
                                  "block": {
                                    "attributes": {
                                      "http_headers": {
                                        "type": [
                                          "map",
                                          "string"
                                        ],
                                        "description_kind": "plain",
                                        "optional": true
                                      },
                                      "path": {
                                        "type": "string",
                                        "description_kind": "plain",
                                        "optional": true
                                      },
                                      "port": {
                                        "type": "number",
                                        "description_kind": "plain",
                                        "required": true
                                      },
                                      "scheme": {
                                        "type": "string",
                                        "description_kind": "plain",
                                        "optional": true
                                      }
                                    },
                                    "description_kind": "plain"
                                  },
                                  "max_items": 1
                                },
                                "tcp_socket": {
                                  "nesting_mode": "list",
                                  "block": {
                                    "attributes": {
                                      "port": {
                                        "type": "number",
                                        "description_kind": "plain",
                                        "required": true
                                      }
                                    },
                                    "description_kind": "plain"
                                  },
                                  "max_items": 1
                                }
                              },
                              "description_kind": "plain"
                            },
                            "max_items": 1
                          },
                          "port": {
                            "nesting_mode": "list",
                            "block": {
                              "attributes": {
                                "enable_implicit_network_policy": {
                                  "type": "bool",
                                  "description_kind": "plain",
                                  "optional": true
                                },
                                "name": {
                                  "type": "string",
                                  "description_kind": "plain",
                                  "required": true
                                },
                                "port": {
                                  "type": "number",
                                  "description_kind": "plain",
                                  "required": true
                                },
                                "protocol": {
                                  "type": "string",
                                  "description_kind": "plain",
                                  "optional": true
                                }
                              },
                              "description_kind": "plain"
                            }
                          },
                          "readiness_probe": {
                            "nesting_mode": "list",
                            "block": {
                              "attributes": {
                                "failure_threshold": {
                                  "type": "number",
                                  "description_kind": "plain",
                                  "required": true
                                },
                                "initial_delay_seconds": {
                                  "type": "number",
                                  "description_kind": "plain",
                                  "optional": true
                                },
                                "period_seconds": {
                                  "type": "number",
                                  "description_kind": "plain",
                                  "optional": true
                                },
                                "success_threshold": {
                                  "type": "number",
                                  "description_kind": "plain",
                                  "required": true
                                },
                                "timeout_seconds": {
                                  "type": "number",
                                  "description_kind": "plain",
                                  "optional": true
                                }
                              },
                              "block_types": {
                                "http_get": {
                                  "nesting_mode": "list",
                                  "block": {
                                    "attributes": {
                                      "http_headers": {
                                        "type": [
                                          "map",
                                          "string"
                                        ],
                                        "description_kind": "plain",
                                        "optional": true
                                      },
                                      "path": {
                                        "type": "string",
                                        "description_kind": "plain",
                                        "optional": true
                                      },
                                      "port": {
                                        "type": "number",
                                        "description_kind": "plain",
                                        "required": true
                                      },
                                      "scheme": {
                                        "type": "string",
                                        "description_kind": "plain",
                                        "optional": true
                                      }
                                    },
                                    "description_kind": "plain"
                                  },
                                  "max_items": 1
                                },
                                "tcp_socket": {
                                  "nesting_mode": "list",
                                  "block": {
                                    "attributes": {
                                      "port": {
                                        "type": "number",
                                        "description_kind": "plain",
                                        "required": true
                                      }
                                    },
                                    "description_kind": "plain"
                                  },
                                  "max_items": 1
                                }
                              },
                              "description_kind": "plain"
                            },
                            "max_items": 1
                          },
                          "resources": {
                            "nesting_mode": "list",
                            "block": {
                              "attributes": {
                                "requests": {
                                  "type": [
                                    "map",
                                    "string"
                                  ],
                                  "description_kind": "plain",
                                  "required": true
                                }
                              },
                              "description_kind": "plain"
                            },
                            "min_items": 1,
                            "max_items": 1
                          },
                          "volume_mount": {
                            "nesting_mode": "list",
                            "block": {
                              "attributes": {
                                "mount_path": {
                                  "type": "string",
                                  "description_kind": "plain",
                                  "required": true
                                },
                                "slug": {
                                  "type": "string",
                                  "description_kind": "plain",
                                  "required": true
                                }
                              },
                              "description_kind": "plain"
                            }
                          }
                        },
                        "description_kind": "plain"
                      },
                      "max_items": 1
                    }
                  },
                  "description_kind": "plain"
                }
              },
              "network_interface": {
                "nesting_mode": "list",
                "block": {
                  "attributes": {
                    "enable_one_to_one_nat": {
                      "type": "bool",
                      "description_kind": "plain",
                      "optional": true
                    },
                    "ip_families": {
                      "type": [
                        "list",
                        "string"
                      ],
                      "description_kind": "plain",
                      "optional": true,
                      "computed": true
                    },
                    "ipv6_subnet": {
                      "type": "string",
                      "description_kind": "plain",
                      "optional": true
                    },
                    "network": {
                      "type": "string",
                      "description_kind": "plain",
                      "required": true
                    },
                    "subnet": {
                      "type": "string",
                      "description_kind": "plain",
                      "optional": true
                    }
                  },
                  "description_kind": "plain"
                },
                "min_items": 1
              },
              "target": {
                "nesting_mode": "list",
                "block": {
                  "attributes": {
                    "deployment_scope": {
                      "type": "string",
                      "description_kind": "plain",
                      "optional": true
                    },
                    "max_replicas": {
                      "type": "number",
                      "description_kind": "plain",
                      "optional": true
                    },
                    "min_replicas": {
                      "type": "number",
                      "description_kind": "plain",
                      "required": true
                    },
                    "name": {
                      "type": "string",
                      "description_kind": "plain",
                      "required": true
                    }
                  },
                  "block_types": {
                    "scale_settings": {
                      "nesting_mode": "list",
                      "block": {
                        "block_types": {
                          "metrics": {
                            "nesting_mode": "list",
                            "block": {
                              "attributes": {
                                "average_utilization": {
                                  "type": "number",
                                  "description_kind": "plain",
                                  "optional": true
                                },
                                "average_value": {
                                  "type": "string",
                                  "description_kind": "plain",
                                  "optional": true
                                },
                                "metric": {
                                  "type": "string",
                                  "description_kind": "plain",
                                  "required": true
                                }
                              },
                              "description_kind": "plain"
                            },
                            "min_items": 1
                          }
                        },
                        "description_kind": "plain"
                      },
                      "max_items": 1
                    },
                    "selector": {
                      "nesting_mode": "list",
                      "block": {
                        "attributes": {
                          "key": {
                            "type": "string",
                            "description_kind": "plain",
                            "required": true
                          },
                          "operator": {
                            "type": "string",
                            "description_kind": "plain",
                            "required": true
                          },
                          "values": {
                            "type": [
                              "list",
                              "string"
                            ],
                            "description_kind": "plain",
                            "required": true
                          }
                        },
                        "description_kind": "plain"
                      },
                      "min_items": 1
                    }
                  },
                  "description_kind": "plain"
                },
                "min_items": 1
              },
              "virtual_machine": {
                "nesting_mode": "list",
                "block": {
                  "attributes": {
                    "image": {
                      "type": "string",
                      "description_kind": "plain",
                      "required": true
                    },
                    "name": {
                      "type": "string",
                      "description_kind": "plain",
                      "required": true
                    },
                    "user_data": {
                      "type": "string",
                      "description_kind": "plain",
                      "optional": true
                    }
                  },
                  "block_types": {
                    "liveness_probe": {
                      "nesting_mode": "list",
                      "block": {
                        "attributes": {
                          "failure_threshold": {
                            "type": "number",
                            "description_kind": "plain",
                            "required": true
                          },
                          "initial_delay_seconds": {
                            "type": "number",
                            "description_kind": "plain",
                            "optional": true
                          },
                          "period_seconds": {
                            "type": "number",
                            "description_kind": "plain",
                            "optional": true
                          },
                          "success_threshold": {
                            "type": "number",
                            "description_kind": "plain",
                            "required": true
                          },
                          "timeout_seconds": {
                            "type": "number",
                            "description_kind": "plain",
                            "optional": true
                          }
                        },
                        "block_types": {
                          "http_get": {
                            "nesting_mode": "list",
                            "block": {
                              "attributes": {
                                "http_headers": {
                                  "type": [
                                    "map",
                                    "string"
                                  ],
                                  "description_kind": "plain",
                                  "optional": true
                                },
                                "path": {
                                  "type": "string",
                                  "description_kind": "plain",
                                  "optional": true
                                },
                                "port": {
                                  "type": "number",
                                  "description_kind": "plain",
                                  "required": true
                                },
                                "scheme": {
                                  "type": "string",
                                  "description_kind": "plain",
                                  "optional": true
                                }
                              },
                              "description_kind": "plain"
                            },
                            "max_items": 1
                          },
                          "tcp_socket": {
                            "nesting_mode": "list",
                            "block": {
                              "attributes": {
                                "port": {
                                  "type": "number",
                                  "description_kind": "plain",
                                  "required": true
                                }
                              },
                              "description_kind": "plain"
                            },
                            "max_items": 1
                          }
                        },
                        "description_kind": "plain"
                      },
                      "max_items": 1
                    },
                    "port": {
                      "nesting_mode": "list",
                      "block": {
                        "attributes": {
                          "enable_implicit_network_policy": {
                            "type": "bool",
                            "description_kind": "plain",
                            "optional": true
                          },
                          "name": {
                            "type": "string",
                            "description_kind": "plain",
                            "required": true
                          },
                          "port": {
                            "type": "number",
                            "description_kind": "plain",
                            "required": true
                          },
                          "protocol": {
                            "type": "string",
                            "description_kind": "plain",
                            "optional": true
                          }
                        },
                        "description_kind": "plain"
                      }
                    },
                    "readiness_probe": {
                      "nesting_mode": "list",
                      "block": {
                        "attributes": {
                          "failure_threshold": {
                            "type": "number",
                            "description_kind": "plain",
                            "required": true
                          },
                          "initial_delay_seconds": {
                            "type": "number",
                            "description_kind": "plain",
                            "optional": true
                          },
                          "period_seconds": {
                            "type": "number",
                            "description_kind": "plain",
                            "optional": true
                          },
                          "success_threshold": {
                            "type": "number",
                            "description_kind": "plain",
                            "required": true
                          },
                          "timeout_seconds": {
                            "type": "number",
                            "description_kind": "plain",
                            "optional": true
                          }
                        },
                        "block_types": {
                          "http_get": {
                            "nesting_mode": "list",
                            "block": {
                              "attributes": {
                                "http_headers": {
                                  "type": [
                                    "map",
                                    "string"
                                  ],
                                  "description_kind": "plain",
                                  "optional": true
                                },
                                "path": {
                                  "type": "string",
                                  "description_kind": "plain",
                                  "optional": true
                                },
                                "port": {
                                  "type": "number",
                                  "description_kind": "plain",
                                  "required": true
                                },
                                "scheme": {
                                  "type": "string",
                                  "description_kind": "plain",
                                  "optional": true
                                }
                              },
                              "description_kind": "plain"
                            },
                            "max_items": 1
                          },
                          "tcp_socket": {
                            "nesting_mode": "list",
                            "block": {
                              "attributes": {
                                "port": {
                                  "type": "number",
                                  "description_kind": "plain",
                                  "required": true
                                }
                              },
                              "description_kind": "plain"
                            },
                            "max_items": 1
                          }
                        },
                        "description_kind": "plain"
                      },
                      "max_items": 1
                    },
                    "resources": {
                      "nesting_mode": "list",
                      "block": {
                        "attributes": {
                          "requests": {
                            "type": [
                              "map",
                              "string"
                            ],
                            "description_kind": "plain",
                            "required": true
                          }
                        },
                        "description_kind": "plain"
                      },
                      "min_items": 1,
                      "max_items": 1
                    },
                    "volume_mount": {
                      "nesting_mode": "list",
                      "block": {
                        "attributes": {
                          "mount_path": {
                            "type": "string",
                            "description_kind": "plain",
                            "required": true
                          },
                          "slug": {
                            "type": "string",
                            "description_kind": "plain",
                            "required": true
                          }
                        },
                        "description_kind": "plain"
                      }
                    }
                  },
                  "description_kind": "plain"
                },
                "max_items": 1
              },
              "volume_claim": {
                "nesting_mode": "list",
                "block": {
                  "attributes": {
                    "name": {
                      "type": "string",
                      "description_kind": "plain",
                      "required": true
                    },
                    "slug": {
                      "type": "string",
                      "description_kind": "plain",
                      "optional": true
                    }
                  },
                  "block_types": {
                    "resources": {
                      "nesting_mode": "list",
                      "block": {
                        "attributes": {
                          "requests": {
                            "type": [
                              "map",
                              "string"
                            ],
                            "description_kind": "plain",
                            "required": true
                          }
                        },
                        "description_kind": "plain"
                      },
                      "min_items": 1,
                      "max_items": 1
                    }
                  },
                  "description_kind": "plain"
                }
              }
            },
            "description_kind": "plain"
          }
        },
        "stackpath_object_storage_bucket": {
          "version": 0,
          "block": {
            "attributes": {
              "endpoint_url": {
                "type": "string",
                "description_kind": "plain",
                "computed": true
              },
              "id": {
                "type": "string",
                "description_kind": "plain",
                "optional": true,
                "computed": true
              },
              "label": {
                "type": "string",
                "description_kind": "plain",
                "required": true
              },
              "region": {
                "type": "string",
                "description_kind": "plain",
                "required": true
              },
              "visibility": {
                "type": "string",
                "description_kind": "plain",
                "optional": true
              }
            },
            "description_kind": "plain"
          }
        }
      }
    }
  }
}
