{
  "format_version": "1.0",
  "provider_schemas": {
    "registry.terraform.io/tailscale/tailscale": {
      "provider": {
        "version": 0,
        "block": {
          "attributes": {
            "api_key": {
              "type": "string",
              "description": "The API key to use for authenticating requests to the API. Can be set via the TAILSCALE_API_KEY environment variable. Conflicts with 'oauth_client_id' and 'oauth_client_secret'.",
              "description_kind": "plain",
              "optional": true,
              "sensitive": true
            },
            "base_url": {
              "type": "string",
              "description": "The base URL of the Tailscale API. Defaults to https://api.tailscale.com. Can be set via the TAILSCALE_BASE_URL environment variable.",
              "description_kind": "plain",
              "optional": true
            },
            "oauth_client_id": {
              "type": "string",
              "description": "The OAuth application's ID when using OAuth client credentials. Can be set via the TAILSCALE_OAUTH_CLIENT_ID environment variable. Both 'oauth_client_id' and 'oauth_client_secret' must be set. Conflicts with 'api_key'.",
              "description_kind": "plain",
              "optional": true
            },
            "oauth_client_secret": {
              "type": "string",
              "description": "The OAuth application's secret when using OAuth client credentials. Can be set via the TAILSCALE_OAUTH_CLIENT_SECRET environment variable. Both 'oauth_client_id' and 'oauth_client_secret' must be set. Conflicts with 'api_key'.",
              "description_kind": "plain",
              "optional": true,
              "sensitive": true
            },
            "scopes": {
              "type": [
                "list",
                "string"
              ],
              "description": "The OAuth 2.0 scopes to request when for the access token generated using the supplied OAuth client credentials. See https://tailscale.com/kb/1215/oauth-clients/#scopes for available scopes. Only valid when both 'oauth_client_id' and 'oauth_client_secret' are set.",
              "description_kind": "plain",
              "optional": true
            },
            "tailnet": {
              "type": "string",
              "description": "The organization name of the Tailnet in which to perform actions. Can be set via the TAILSCALE_TAILNET environment variable. Default is the tailnet that owns API credentials passed to the provider.",
              "description_kind": "plain",
              "optional": true
            },
            "user_agent": {
              "type": "string",
              "description": "User-Agent header for API requests.",
              "description_kind": "plain",
              "optional": true
            }
          },
          "description_kind": "plain"
        }
      },
      "resource_schemas": {
        "tailscale_acl": {
          "version": 0,
          "block": {
            "attributes": {
              "acl": {
                "type": "string",
                "description": "The JSON-based policy that defines which devices and users are allowed to connect in your network",
                "description_kind": "plain",
                "required": true
              },
              "id": {
                "type": "string",
                "description_kind": "plain",
                "optional": true,
                "computed": true
              }
            },
            "description": "The acl resource allows you to configure a Tailscale ACL. See https://tailscale.com/kb/1018/acls for more information. Note that this resource will completely overwrite existing ACL contents for a given tailnet.",
            "description_kind": "plain"
          }
        },
        "tailscale_device_authorization": {
          "version": 0,
          "block": {
            "attributes": {
              "authorized": {
                "type": "bool",
                "description": "Whether or not the device is authorized",
                "description_kind": "plain",
                "required": true
              },
              "device_id": {
                "type": "string",
                "description": "The device to set as authorized",
                "description_kind": "plain",
                "required": true
              },
              "id": {
                "type": "string",
                "description_kind": "plain",
                "optional": true,
                "computed": true
              }
            },
            "description": "The device_authorization resource is used to approve new devices before they can join the tailnet. See https://tailscale.com/kb/1099/device-authorization/ for more details.",
            "description_kind": "plain"
          }
        },
        "tailscale_device_key": {
          "version": 0,
          "block": {
            "attributes": {
              "device_id": {
                "type": "string",
                "description": "The device to update the key properties of",
                "description_kind": "plain",
                "required": true
              },
              "id": {
                "type": "string",
                "description_kind": "plain",
                "optional": true,
                "computed": true
              },
              "key_expiry_disabled": {
                "type": "bool",
                "description": "Determines whether or not the device's key will expire",
                "description_kind": "plain",
                "optional": true
              }
            },
            "description": "The device_key resource allows you to update the properties of a device's key",
            "description_kind": "plain"
          }
        },
        "tailscale_device_subnet_routes": {
          "version": 0,
          "block": {
            "attributes": {
              "device_id": {
                "type": "string",
                "description": "The device to set subnet routes for",
                "description_kind": "plain",
                "required": true
              },
              "id": {
                "type": "string",
                "description_kind": "plain",
                "optional": true,
                "computed": true
              },
              "routes": {
                "type": [
                  "set",
                  "string"
                ],
                "description": "The subnet routes that are enabled to be routed by a device",
                "description_kind": "plain",
                "required": true
              }
            },
            "description": "The device_subnet_routes resource allows you to configure subnet routes for your Tailscale devices. See https://tailscale.com/kb/1019/subnets for more information.",
            "description_kind": "plain"
          }
        },
        "tailscale_device_tags": {
          "version": 0,
          "block": {
            "attributes": {
              "device_id": {
                "type": "string",
                "description": "The device to set tags for",
                "description_kind": "plain",
                "required": true
              },
              "id": {
                "type": "string",
                "description_kind": "plain",
                "optional": true,
                "computed": true
              },
              "tags": {
                "type": [
                  "set",
                  "string"
                ],
                "description": "The tags to apply to the device",
                "description_kind": "plain",
                "required": true
              }
            },
            "description": "The device_tags resource is used to apply tags to Tailscale devices. See https://tailscale.com/kb/1068/acl-tags/ for more details.",
            "description_kind": "plain"
          }
        },
        "tailscale_dns_nameservers": {
          "version": 0,
          "block": {
            "attributes": {
              "id": {
                "type": "string",
                "description_kind": "plain",
                "optional": true,
                "computed": true
              },
              "nameservers": {
                "type": [
                  "list",
                  "string"
                ],
                "description": "Devices on your network will use these nameservers to resolve DNS names. IPv4 or IPv6 addresses are accepted.",
                "description_kind": "plain",
                "required": true
              }
            },
            "description": "The dns_nameservers resource allows you to configure DNS nameservers for your Tailscale network. See https://tailscale.com/kb/1054/dns for more information.",
            "description_kind": "plain"
          }
        },
        "tailscale_dns_preferences": {
          "version": 0,
          "block": {
            "attributes": {
              "id": {
                "type": "string",
                "description_kind": "plain",
                "optional": true,
                "computed": true
              },
              "magic_dns": {
                "type": "bool",
                "description": "Whether or not to enable magic DNS",
                "description_kind": "plain",
                "required": true
              }
            },
            "description": "The dns_preferences resource allows you to configure DNS preferences for your Tailscale network. See https://tailscale.com/kb/1054/dns for more information.",
            "description_kind": "plain"
          }
        },
        "tailscale_dns_search_paths": {
          "version": 0,
          "block": {
            "attributes": {
              "id": {
                "type": "string",
                "description_kind": "plain",
                "optional": true,
                "computed": true
              },
              "search_paths": {
                "type": [
                  "list",
                  "string"
                ],
                "description": "Devices on your network will use these domain suffixes to resolve DNS names.",
                "description_kind": "plain",
                "required": true
              }
            },
            "description": "The dns_nameservers resource allows you to configure DNS nameservers for your Tailscale network. See https://tailscale.com/kb/1054/dns for more information.",
            "description_kind": "plain"
          }
        },
        "tailscale_tailnet_key": {
          "version": 0,
          "block": {
            "attributes": {
              "created_at": {
                "type": "string",
                "description": "The creation timestamp of the key in RFC3339 format",
                "description_kind": "plain",
                "computed": true
              },
              "description": {
                "type": "string",
                "description": "A description of the key consisting of alphanumeric characters.",
                "description_kind": "plain",
                "optional": true
              },
              "ephemeral": {
                "type": "bool",
                "description": "Indicates if the key is ephemeral.",
                "description_kind": "plain",
                "optional": true
              },
              "expires_at": {
                "type": "string",
                "description": "The expiry timestamp of the key in RFC3339 format",
                "description_kind": "plain",
                "computed": true
              },
              "expiry": {
                "type": "number",
                "description": "The expiry of the key in seconds",
                "description_kind": "plain",
                "optional": true
              },
              "id": {
                "type": "string",
                "description_kind": "plain",
                "optional": true,
                "computed": true
              },
              "key": {
                "type": "string",
                "description": "The authentication key",
                "description_kind": "plain",
                "computed": true,
                "sensitive": true
              },
              "preauthorized": {
                "type": "bool",
                "description": "Determines whether or not the machines authenticated by the key will be authorized for the tailnet by default.",
                "description_kind": "plain",
                "optional": true
              },
              "reusable": {
                "type": "bool",
                "description": "Indicates if the key is reusable or single-use.",
                "description_kind": "plain",
                "optional": true
              },
              "tags": {
                "type": [
                  "set",
                  "string"
                ],
                "description": "List of tags to apply to the machines authenticated by the key.",
                "description_kind": "plain",
                "optional": true
              }
            },
            "description": "The tailnet_key resource allows you to create pre-authentication keys that can register new nodes without needing to sign in via a web browser. See https://tailscale.com/kb/1085/auth-keys for more information",
            "description_kind": "plain"
          }
        }
      },
      "data_source_schemas": {
        "tailscale_4via6": {
          "version": 0,
          "block": {
            "attributes": {
              "cidr": {
                "type": "string",
                "description": "The IPv4 CIDR to map",
                "description_kind": "plain",
                "required": true
              },
              "id": {
                "type": "string",
                "description_kind": "plain",
                "optional": true,
                "computed": true
              },
              "ipv6": {
                "type": "string",
                "description": "The 4via6 mapped address",
                "description_kind": "plain",
                "computed": true
              },
              "site": {
                "type": "number",
                "description": "Site ID (between 0 and 255)",
                "description_kind": "plain",
                "required": true
              }
            },
            "description": "The 4via6 data source is calculates an IPv6 prefix for a given site ID and IPv4 CIDR. See Tailscale documentation for [4via6 subnets](https://tailscale.com/kb/1201/4via6-subnets/) for more details.",
            "description_kind": "plain"
          }
        },
        "tailscale_device": {
          "version": 0,
          "block": {
            "attributes": {
              "addresses": {
                "type": [
                  "list",
                  "string"
                ],
                "description": "The list of device's IPs",
                "description_kind": "plain",
                "computed": true
              },
              "id": {
                "type": "string",
                "description_kind": "plain",
                "optional": true,
                "computed": true
              },
              "name": {
                "type": "string",
                "description": "The name of the device",
                "description_kind": "plain",
                "required": true
              },
              "tags": {
                "type": [
                  "set",
                  "string"
                ],
                "description": "The tags applied to the device",
                "description_kind": "plain",
                "computed": true
              },
              "user": {
                "type": "string",
                "description": "The user associated with the device",
                "description_kind": "plain",
                "computed": true
              },
              "wait_for": {
                "type": "string",
                "description": "If specified, the provider will make multiple attempts to obtain the data source until the wait_for duration is reached. Retries are made every second so this value should be greater than 1s",
                "description_kind": "plain",
                "optional": true
              }
            },
            "description": "The device data source describes a single device in a tailnet",
            "description_kind": "plain"
          }
        },
        "tailscale_devices": {
          "version": 0,
          "block": {
            "attributes": {
              "devices": {
                "type": [
                  "list",
                  [
                    "object",
                    {
                      "addresses": [
                        "list",
                        "string"
                      ],
                      "id": "string",
                      "name": "string",
                      "tags": [
                        "set",
                        "string"
                      ],
                      "user": "string"
                    }
                  ]
                ],
                "description": "The list of devices in the tailnet",
                "description_kind": "plain",
                "computed": true
              },
              "id": {
                "type": "string",
                "description_kind": "plain",
                "optional": true,
                "computed": true
              },
              "name_prefix": {
                "type": "string",
                "description": "Filters the device list to elements whose name has the provided prefix",
                "description_kind": "plain",
                "optional": true
              }
            },
            "description": "The devices data source describes a list of devices in a tailnet",
            "description_kind": "plain"
          }
        }
      }
    }
  }
}
