{
  "format_version": "1.0",
  "provider_schemas": {
    "registry.terraform.io/hashicorp/tfe": {
      "provider": {
        "version": 0,
        "block": {
          "attributes": {
            "hostname": {
              "type": "string",
              "description": "The Terraform Enterprise hostname to connect to. Defaults to app.terraform.io.",
              "description_kind": "plain",
              "optional": true
            },
            "organization": {
              "type": "string",
              "description": "The organization to apply to a resource if one is not defined on\nthe resource itself",
              "description_kind": "plain",
              "optional": true
            },
            "ssl_skip_verify": {
              "type": "bool",
              "description": "Whether or not to skip certificate verifications.",
              "description_kind": "plain",
              "optional": true
            },
            "token": {
              "type": "string",
              "description": "The token used to authenticate with Terraform Enterprise. We recommend omitting\nthe token which can be set as credentials in the CLI config file.",
              "description_kind": "plain",
              "optional": true
            }
          },
          "description_kind": "plain"
        }
      },
      "resource_schemas": {
        "tfe_admin_organization_settings": {
          "version": 0,
          "block": {
            "attributes": {
              "access_beta_tools": {
                "type": "bool",
                "description_kind": "plain",
                "optional": true
              },
              "global_module_sharing": {
                "type": "bool",
                "description_kind": "plain",
                "optional": true
              },
              "id": {
                "type": "string",
                "description_kind": "plain",
                "optional": true,
                "computed": true
              },
              "module_sharing_consumer_organizations": {
                "type": [
                  "set",
                  "string"
                ],
                "description_kind": "plain",
                "optional": true,
                "computed": true
              },
              "organization": {
                "type": "string",
                "description_kind": "plain",
                "optional": true
              },
              "sso_enabled": {
                "type": "bool",
                "description_kind": "plain",
                "computed": true
              },
              "workspace_limit": {
                "type": "number",
                "description_kind": "plain",
                "optional": true
              }
            },
            "description_kind": "plain"
          }
        },
        "tfe_agent_pool": {
          "version": 0,
          "block": {
            "attributes": {
              "id": {
                "type": "string",
                "description_kind": "plain",
                "optional": true,
                "computed": true
              },
              "name": {
                "type": "string",
                "description_kind": "plain",
                "required": true
              },
              "organization": {
                "type": "string",
                "description_kind": "plain",
                "optional": true,
                "computed": true
              }
            },
            "description_kind": "plain"
          }
        },
        "tfe_agent_token": {
          "version": 0,
          "block": {
            "attributes": {
              "agent_pool_id": {
                "type": "string",
                "description_kind": "plain",
                "required": true
              },
              "description": {
                "type": "string",
                "description_kind": "plain",
                "required": true
              },
              "id": {
                "type": "string",
                "description_kind": "plain",
                "optional": true,
                "computed": true
              },
              "token": {
                "type": "string",
                "description_kind": "plain",
                "computed": true,
                "sensitive": true
              }
            },
            "description_kind": "plain"
          }
        },
        "tfe_no_code_module": {
          "version": 0,
          "block": {
            "attributes": {
              "enabled": {
                "type": "bool",
                "description_kind": "plain",
                "optional": true,
                "computed": true
              },
              "id": {
                "type": "string",
                "description_kind": "plain",
                "optional": true,
                "computed": true
              },
              "organization": {
                "type": "string",
                "description_kind": "plain",
                "optional": true,
                "computed": true
              },
              "registry_module": {
                "type": "string",
                "description_kind": "plain",
                "required": true
              },
              "version_pin": {
                "type": "string",
                "description_kind": "plain",
                "optional": true,
                "computed": true
              }
            },
            "block_types": {
              "variable_options": {
                "nesting_mode": "list",
                "block": {
                  "attributes": {
                    "name": {
                      "type": "string",
                      "description_kind": "plain",
                      "required": true
                    },
                    "options": {
                      "type": [
                        "list",
                        "string"
                      ],
                      "description_kind": "plain",
                      "required": true
                    },
                    "type": {
                      "type": "string",
                      "description_kind": "plain",
                      "required": true
                    }
                  },
                  "description_kind": "plain"
                }
              }
            },
            "description_kind": "plain"
          }
        },
        "tfe_notification_configuration": {
          "version": 0,
          "block": {
            "attributes": {
              "destination_type": {
                "type": "string",
                "description_kind": "plain",
                "required": true
              },
              "email_addresses": {
                "type": [
                  "set",
                  "string"
                ],
                "description_kind": "plain",
                "optional": true,
                "computed": true
              },
              "email_user_ids": {
                "type": [
                  "set",
                  "string"
                ],
                "description_kind": "plain",
                "optional": true,
                "computed": true
              },
              "enabled": {
                "type": "bool",
                "description_kind": "plain",
                "optional": true
              },
              "id": {
                "type": "string",
                "description_kind": "plain",
                "optional": true,
                "computed": true
              },
              "name": {
                "type": "string",
                "description_kind": "plain",
                "required": true
              },
              "token": {
                "type": "string",
                "description_kind": "plain",
                "optional": true,
                "sensitive": true
              },
              "triggers": {
                "type": [
                  "set",
                  "string"
                ],
                "description_kind": "plain",
                "optional": true
              },
              "url": {
                "type": "string",
                "description_kind": "plain",
                "optional": true
              },
              "workspace_id": {
                "type": "string",
                "description_kind": "plain",
                "required": true
              }
            },
            "description_kind": "plain"
          }
        },
        "tfe_oauth_client": {
          "version": 0,
          "block": {
            "attributes": {
              "api_url": {
                "type": "string",
                "description_kind": "plain",
                "required": true
              },
              "http_url": {
                "type": "string",
                "description_kind": "plain",
                "required": true
              },
              "id": {
                "type": "string",
                "description_kind": "plain",
                "optional": true,
                "computed": true
              },
              "key": {
                "type": "string",
                "description_kind": "plain",
                "optional": true,
                "sensitive": true
              },
              "name": {
                "type": "string",
                "description_kind": "plain",
                "optional": true
              },
              "oauth_token": {
                "type": "string",
                "description_kind": "plain",
                "optional": true,
                "sensitive": true
              },
              "oauth_token_id": {
                "type": "string",
                "description_kind": "plain",
                "computed": true
              },
              "organization": {
                "type": "string",
                "description_kind": "plain",
                "optional": true,
                "computed": true
              },
              "private_key": {
                "type": "string",
                "description_kind": "plain",
                "optional": true,
                "sensitive": true
              },
              "rsa_public_key": {
                "type": "string",
                "description_kind": "plain",
                "optional": true
              },
              "secret": {
                "type": "string",
                "description_kind": "plain",
                "optional": true,
                "sensitive": true
              },
              "service_provider": {
                "type": "string",
                "description_kind": "plain",
                "required": true
              }
            },
            "description_kind": "plain"
          }
        },
        "tfe_organization": {
          "version": 0,
          "block": {
            "attributes": {
              "allow_force_delete_workspaces": {
                "type": "bool",
                "description_kind": "plain",
                "optional": true
              },
              "assessments_enforced": {
                "type": "bool",
                "description_kind": "plain",
                "optional": true
              },
              "collaborator_auth_policy": {
                "type": "string",
                "description_kind": "plain",
                "optional": true
              },
              "cost_estimation_enabled": {
                "type": "bool",
                "description_kind": "plain",
                "optional": true,
                "computed": true
              },
              "default_project_id": {
                "type": "string",
                "description_kind": "plain",
                "computed": true
              },
              "email": {
                "type": "string",
                "description_kind": "plain",
                "required": true
              },
              "id": {
                "type": "string",
                "description_kind": "plain",
                "optional": true,
                "computed": true
              },
              "name": {
                "type": "string",
                "description_kind": "plain",
                "required": true
              },
              "owners_team_saml_role_id": {
                "type": "string",
                "description_kind": "plain",
                "optional": true
              },
              "send_passing_statuses_for_untriggered_speculative_plans": {
                "type": "bool",
                "description_kind": "plain",
                "optional": true,
                "computed": true
              },
              "session_remember_minutes": {
                "type": "number",
                "description_kind": "plain",
                "optional": true
              },
              "session_timeout_minutes": {
                "type": "number",
                "description_kind": "plain",
                "optional": true
              }
            },
            "description_kind": "plain"
          }
        },
        "tfe_organization_membership": {
          "version": 0,
          "block": {
            "attributes": {
              "email": {
                "type": "string",
                "description_kind": "plain",
                "required": true
              },
              "id": {
                "type": "string",
                "description_kind": "plain",
                "optional": true,
                "computed": true
              },
              "organization": {
                "type": "string",
                "description_kind": "plain",
                "optional": true,
                "computed": true
              },
              "user_id": {
                "type": "string",
                "description_kind": "plain",
                "computed": true
              },
              "username": {
                "type": "string",
                "description_kind": "plain",
                "computed": true
              }
            },
            "description_kind": "plain"
          }
        },
        "tfe_organization_module_sharing": {
          "version": 0,
          "block": {
            "attributes": {
              "id": {
                "type": "string",
                "description_kind": "plain",
                "optional": true,
                "computed": true
              },
              "module_consumers": {
                "type": [
                  "list",
                  "string"
                ],
                "description_kind": "plain",
                "required": true
              },
              "organization": {
                "type": "string",
                "description_kind": "plain",
                "optional": true,
                "computed": true
              }
            },
            "description_kind": "plain",
            "deprecated": true
          }
        },
        "tfe_organization_run_task": {
          "version": 0,
          "block": {
            "attributes": {
              "category": {
                "type": "string",
                "description_kind": "plain",
                "optional": true
              },
              "description": {
                "type": "string",
                "description_kind": "plain",
                "optional": true
              },
              "enabled": {
                "type": "bool",
                "description_kind": "plain",
                "optional": true
              },
              "hmac_key": {
                "type": "string",
                "description_kind": "plain",
                "optional": true,
                "sensitive": true
              },
              "id": {
                "type": "string",
                "description_kind": "plain",
                "optional": true,
                "computed": true
              },
              "name": {
                "type": "string",
                "description_kind": "plain",
                "required": true
              },
              "organization": {
                "type": "string",
                "description_kind": "plain",
                "optional": true,
                "computed": true
              },
              "url": {
                "type": "string",
                "description_kind": "plain",
                "required": true
              }
            },
            "description_kind": "plain"
          }
        },
        "tfe_organization_token": {
          "version": 0,
          "block": {
            "attributes": {
              "force_regenerate": {
                "type": "bool",
                "description_kind": "plain",
                "optional": true
              },
              "id": {
                "type": "string",
                "description_kind": "plain",
                "optional": true,
                "computed": true
              },
              "organization": {
                "type": "string",
                "description_kind": "plain",
                "optional": true,
                "computed": true
              },
              "token": {
                "type": "string",
                "description_kind": "plain",
                "computed": true,
                "sensitive": true
              }
            },
            "description_kind": "plain"
          }
        },
        "tfe_policy": {
          "version": 0,
          "block": {
            "attributes": {
              "description": {
                "type": "string",
                "description": "Text describing the policy's purpose",
                "description_kind": "plain",
                "optional": true
              },
              "enforce_mode": {
                "type": "string",
                "description": "The enforcement configuration of the policy. For Sentinel, valid values are `hard-mandatory`, `soft-mandatory` and `advisory`. For OPA, Valid values are ``mandatory` and `advisory``",
                "description_kind": "plain",
                "optional": true,
                "computed": true
              },
              "id": {
                "type": "string",
                "description_kind": "plain",
                "optional": true,
                "computed": true
              },
              "kind": {
                "type": "string",
                "description": "The policy-as-code framework for the policy. Valid values are sentinel and opa",
                "description_kind": "plain",
                "optional": true
              },
              "name": {
                "type": "string",
                "description": "The name of the policy",
                "description_kind": "plain",
                "required": true
              },
              "organization": {
                "type": "string",
                "description": "Name of the organization that this policy belongs to",
                "description_kind": "plain",
                "optional": true,
                "computed": true
              },
              "policy": {
                "type": "string",
                "description": "Text of a valid Sentinel or OPA policy",
                "description_kind": "plain",
                "required": true
              },
              "query": {
                "type": "string",
                "description": "The OPA query to run. Required for OPA policies",
                "description_kind": "plain",
                "optional": true
              }
            },
            "description_kind": "plain"
          }
        },
        "tfe_policy_set": {
          "version": 0,
          "block": {
            "attributes": {
              "description": {
                "type": "string",
                "description_kind": "plain",
                "optional": true,
                "computed": true
              },
              "global": {
                "type": "bool",
                "description_kind": "plain",
                "optional": true
              },
              "id": {
                "type": "string",
                "description_kind": "plain",
                "optional": true,
                "computed": true
              },
              "kind": {
                "type": "string",
                "description_kind": "plain",
                "optional": true
              },
              "name": {
                "type": "string",
                "description_kind": "plain",
                "required": true
              },
              "organization": {
                "type": "string",
                "description_kind": "plain",
                "optional": true,
                "computed": true
              },
              "overridable": {
                "type": "bool",
                "description_kind": "plain",
                "optional": true
              },
              "policies_path": {
                "type": "string",
                "description_kind": "plain",
                "optional": true
              },
              "policy_ids": {
                "type": [
                  "set",
                  "string"
                ],
                "description_kind": "plain",
                "optional": true
              },
              "slug": {
                "type": [
                  "map",
                  "string"
                ],
                "description_kind": "plain",
                "optional": true
              },
              "workspace_ids": {
                "type": [
                  "set",
                  "string"
                ],
                "description_kind": "plain",
                "optional": true,
                "computed": true
              }
            },
            "block_types": {
              "vcs_repo": {
                "nesting_mode": "list",
                "block": {
                  "attributes": {
                    "branch": {
                      "type": "string",
                      "description_kind": "plain",
                      "optional": true
                    },
                    "github_app_installation_id": {
                      "type": "string",
                      "description_kind": "plain",
                      "optional": true
                    },
                    "identifier": {
                      "type": "string",
                      "description_kind": "plain",
                      "required": true
                    },
                    "ingress_submodules": {
                      "type": "bool",
                      "description_kind": "plain",
                      "optional": true
                    },
                    "oauth_token_id": {
                      "type": "string",
                      "description_kind": "plain",
                      "optional": true
                    }
                  },
                  "description_kind": "plain"
                },
                "max_items": 1
              }
            },
            "description_kind": "plain"
          }
        },
        "tfe_policy_set_parameter": {
          "version": 0,
          "block": {
            "attributes": {
              "id": {
                "type": "string",
                "description_kind": "plain",
                "optional": true,
                "computed": true
              },
              "key": {
                "type": "string",
                "description_kind": "plain",
                "required": true
              },
              "policy_set_id": {
                "type": "string",
                "description_kind": "plain",
                "required": true
              },
              "sensitive": {
                "type": "bool",
                "description_kind": "plain",
                "optional": true
              },
              "value": {
                "type": "string",
                "description_kind": "plain",
                "optional": true,
                "sensitive": true
              }
            },
            "description_kind": "plain"
          }
        },
        "tfe_project": {
          "version": 0,
          "block": {
            "attributes": {
              "id": {
                "type": "string",
                "description_kind": "plain",
                "optional": true,
                "computed": true
              },
              "name": {
                "type": "string",
                "description_kind": "plain",
                "required": true
              },
              "organization": {
                "type": "string",
                "description_kind": "plain",
                "optional": true,
                "computed": true
              }
            },
            "description_kind": "plain"
          }
        },
        "tfe_project_variable_set": {
          "version": 0,
          "block": {
            "attributes": {
              "id": {
                "type": "string",
                "description_kind": "plain",
                "optional": true,
                "computed": true
              },
              "project_id": {
                "type": "string",
                "description_kind": "plain",
                "required": true
              },
              "variable_set_id": {
                "type": "string",
                "description_kind": "plain",
                "required": true
              }
            },
            "description_kind": "plain"
          }
        },
        "tfe_registry_module": {
          "version": 0,
          "block": {
            "attributes": {
              "id": {
                "type": "string",
                "description_kind": "plain",
                "optional": true,
                "computed": true
              },
              "module_provider": {
                "type": "string",
                "description_kind": "plain",
                "optional": true,
                "computed": true
              },
              "name": {
                "type": "string",
                "description_kind": "plain",
                "optional": true,
                "computed": true
              },
              "namespace": {
                "type": "string",
                "description_kind": "plain",
                "optional": true,
                "computed": true
              },
              "no_code": {
                "type": "bool",
                "description_kind": "plain",
                "optional": true,
                "computed": true
              },
              "organization": {
                "type": "string",
                "description_kind": "plain",
                "optional": true,
                "computed": true
              },
              "registry_name": {
                "type": "string",
                "description_kind": "plain",
                "optional": true,
                "computed": true
              }
            },
            "block_types": {
              "vcs_repo": {
                "nesting_mode": "list",
                "block": {
                  "attributes": {
                    "display_identifier": {
                      "type": "string",
                      "description_kind": "plain",
                      "required": true
                    },
                    "github_app_installation_id": {
                      "type": "string",
                      "description_kind": "plain",
                      "optional": true
                    },
                    "identifier": {
                      "type": "string",
                      "description_kind": "plain",
                      "required": true
                    },
                    "oauth_token_id": {
                      "type": "string",
                      "description_kind": "plain",
                      "optional": true
                    }
                  },
                  "description_kind": "plain"
                },
                "max_items": 1
              }
            },
            "description_kind": "plain"
          }
        },
        "tfe_run_trigger": {
          "version": 0,
          "block": {
            "attributes": {
              "id": {
                "type": "string",
                "description_kind": "plain",
                "optional": true,
                "computed": true
              },
              "sourceable_id": {
                "type": "string",
                "description_kind": "plain",
                "required": true
              },
              "workspace_id": {
                "type": "string",
                "description_kind": "plain",
                "required": true
              }
            },
            "description_kind": "plain"
          }
        },
        "tfe_sentinel_policy": {
          "version": 0,
          "block": {
            "attributes": {
              "description": {
                "type": "string",
                "description_kind": "plain",
                "optional": true,
                "computed": true
              },
              "enforce_mode": {
                "type": "string",
                "description_kind": "plain",
                "optional": true
              },
              "id": {
                "type": "string",
                "description_kind": "plain",
                "optional": true,
                "computed": true
              },
              "name": {
                "type": "string",
                "description_kind": "plain",
                "required": true
              },
              "organization": {
                "type": "string",
                "description_kind": "plain",
                "optional": true,
                "computed": true
              },
              "policy": {
                "type": "string",
                "description_kind": "plain",
                "required": true
              }
            },
            "description_kind": "plain",
            "deprecated": true
          }
        },
        "tfe_ssh_key": {
          "version": 0,
          "block": {
            "attributes": {
              "id": {
                "type": "string",
                "description_kind": "plain",
                "optional": true,
                "computed": true
              },
              "key": {
                "type": "string",
                "description_kind": "plain",
                "required": true,
                "sensitive": true
              },
              "name": {
                "type": "string",
                "description_kind": "plain",
                "required": true
              },
              "organization": {
                "type": "string",
                "description_kind": "plain",
                "optional": true,
                "computed": true
              }
            },
            "description_kind": "plain"
          }
        },
        "tfe_team": {
          "version": 0,
          "block": {
            "attributes": {
              "id": {
                "type": "string",
                "description_kind": "plain",
                "optional": true,
                "computed": true
              },
              "name": {
                "type": "string",
                "description_kind": "plain",
                "required": true
              },
              "organization": {
                "type": "string",
                "description_kind": "plain",
                "optional": true,
                "computed": true
              },
              "sso_team_id": {
                "type": "string",
                "description_kind": "plain",
                "optional": true
              },
              "visibility": {
                "type": "string",
                "description_kind": "plain",
                "optional": true
              }
            },
            "block_types": {
              "organization_access": {
                "nesting_mode": "list",
                "block": {
                  "attributes": {
                    "manage_modules": {
                      "type": "bool",
                      "description_kind": "plain",
                      "optional": true
                    },
                    "manage_policies": {
                      "type": "bool",
                      "description_kind": "plain",
                      "optional": true
                    },
                    "manage_policy_overrides": {
                      "type": "bool",
                      "description_kind": "plain",
                      "optional": true
                    },
                    "manage_projects": {
                      "type": "bool",
                      "description_kind": "plain",
                      "optional": true
                    },
                    "manage_providers": {
                      "type": "bool",
                      "description_kind": "plain",
                      "optional": true
                    },
                    "manage_run_tasks": {
                      "type": "bool",
                      "description_kind": "plain",
                      "optional": true
                    },
                    "manage_vcs_settings": {
                      "type": "bool",
                      "description_kind": "plain",
                      "optional": true
                    },
                    "manage_workspaces": {
                      "type": "bool",
                      "description_kind": "plain",
                      "optional": true
                    },
                    "read_projects": {
                      "type": "bool",
                      "description_kind": "plain",
                      "optional": true
                    },
                    "read_workspaces": {
                      "type": "bool",
                      "description_kind": "plain",
                      "optional": true
                    }
                  },
                  "description_kind": "plain"
                },
                "max_items": 1
              }
            },
            "description_kind": "plain"
          }
        },
        "tfe_team_access": {
          "version": 1,
          "block": {
            "attributes": {
              "access": {
                "type": "string",
                "description_kind": "plain",
                "optional": true,
                "computed": true
              },
              "id": {
                "type": "string",
                "description_kind": "plain",
                "optional": true,
                "computed": true
              },
              "team_id": {
                "type": "string",
                "description_kind": "plain",
                "required": true
              },
              "workspace_id": {
                "type": "string",
                "description_kind": "plain",
                "required": true
              }
            },
            "block_types": {
              "permissions": {
                "nesting_mode": "list",
                "block": {
                  "attributes": {
                    "run_tasks": {
                      "type": "bool",
                      "description_kind": "plain",
                      "required": true
                    },
                    "runs": {
                      "type": "string",
                      "description_kind": "plain",
                      "required": true
                    },
                    "sentinel_mocks": {
                      "type": "string",
                      "description_kind": "plain",
                      "required": true
                    },
                    "state_versions": {
                      "type": "string",
                      "description_kind": "plain",
                      "required": true
                    },
                    "variables": {
                      "type": "string",
                      "description_kind": "plain",
                      "required": true
                    },
                    "workspace_locking": {
                      "type": "bool",
                      "description_kind": "plain",
                      "required": true
                    }
                  },
                  "description_kind": "plain"
                }
              }
            },
            "description_kind": "plain"
          }
        },
        "tfe_team_member": {
          "version": 0,
          "block": {
            "attributes": {
              "id": {
                "type": "string",
                "description_kind": "plain",
                "optional": true,
                "computed": true
              },
              "team_id": {
                "type": "string",
                "description_kind": "plain",
                "required": true
              },
              "username": {
                "type": "string",
                "description_kind": "plain",
                "required": true
              }
            },
            "description_kind": "plain"
          }
        },
        "tfe_team_members": {
          "version": 0,
          "block": {
            "attributes": {
              "id": {
                "type": "string",
                "description_kind": "plain",
                "optional": true,
                "computed": true
              },
              "team_id": {
                "type": "string",
                "description_kind": "plain",
                "required": true
              },
              "usernames": {
                "type": [
                  "set",
                  "string"
                ],
                "description_kind": "plain",
                "required": true
              }
            },
            "description_kind": "plain"
          }
        },
        "tfe_team_organization_member": {
          "version": 0,
          "block": {
            "attributes": {
              "id": {
                "type": "string",
                "description_kind": "plain",
                "optional": true,
                "computed": true
              },
              "organization_membership_id": {
                "type": "string",
                "description_kind": "plain",
                "required": true
              },
              "team_id": {
                "type": "string",
                "description_kind": "plain",
                "required": true
              }
            },
            "description_kind": "plain"
          }
        },
        "tfe_team_organization_members": {
          "version": 0,
          "block": {
            "attributes": {
              "id": {
                "type": "string",
                "description_kind": "plain",
                "optional": true,
                "computed": true
              },
              "organization_membership_ids": {
                "type": [
                  "set",
                  "string"
                ],
                "description_kind": "plain",
                "required": true
              },
              "team_id": {
                "type": "string",
                "description_kind": "plain",
                "required": true
              }
            },
            "description_kind": "plain"
          }
        },
        "tfe_team_project_access": {
          "version": 1,
          "block": {
            "attributes": {
              "access": {
                "type": "string",
                "description_kind": "plain",
                "required": true
              },
              "id": {
                "type": "string",
                "description_kind": "plain",
                "optional": true,
                "computed": true
              },
              "project_id": {
                "type": "string",
                "description_kind": "plain",
                "required": true
              },
              "team_id": {
                "type": "string",
                "description_kind": "plain",
                "required": true
              }
            },
            "description_kind": "plain"
          }
        },
        "tfe_team_token": {
          "version": 0,
          "block": {
            "attributes": {
              "force_regenerate": {
                "type": "bool",
                "description_kind": "plain",
                "optional": true
              },
              "id": {
                "type": "string",
                "description_kind": "plain",
                "optional": true,
                "computed": true
              },
              "team_id": {
                "type": "string",
                "description_kind": "plain",
                "required": true
              },
              "token": {
                "type": "string",
                "description_kind": "plain",
                "computed": true,
                "sensitive": true
              }
            },
            "description_kind": "plain"
          }
        },
        "tfe_terraform_version": {
          "version": 0,
          "block": {
            "attributes": {
              "beta": {
                "type": "bool",
                "description_kind": "plain",
                "optional": true
              },
              "deprecated": {
                "type": "bool",
                "description_kind": "plain",
                "optional": true
              },
              "deprecated_reason": {
                "type": "string",
                "description_kind": "plain",
                "optional": true
              },
              "enabled": {
                "type": "bool",
                "description_kind": "plain",
                "optional": true
              },
              "id": {
                "type": "string",
                "description_kind": "plain",
                "optional": true,
                "computed": true
              },
              "official": {
                "type": "bool",
                "description_kind": "plain",
                "optional": true
              },
              "sha": {
                "type": "string",
                "description_kind": "plain",
                "required": true
              },
              "url": {
                "type": "string",
                "description_kind": "plain",
                "required": true
              },
              "version": {
                "type": "string",
                "description_kind": "plain",
                "required": true
              }
            },
            "description_kind": "plain"
          }
        },
        "tfe_variable": {
          "version": 1,
          "block": {
            "attributes": {
              "category": {
                "type": "string",
                "description_kind": "plain",
                "required": true
              },
              "description": {
                "type": "string",
                "description_kind": "plain",
                "optional": true
              },
              "hcl": {
                "type": "bool",
                "description_kind": "plain",
                "optional": true
              },
              "id": {
                "type": "string",
                "description_kind": "plain",
                "optional": true,
                "computed": true
              },
              "key": {
                "type": "string",
                "description_kind": "plain",
                "required": true
              },
              "sensitive": {
                "type": "bool",
                "description_kind": "plain",
                "optional": true
              },
              "value": {
                "type": "string",
                "description_kind": "plain",
                "optional": true,
                "sensitive": true
              },
              "variable_set_id": {
                "type": "string",
                "description_kind": "plain",
                "optional": true
              },
              "workspace_id": {
                "type": "string",
                "description_kind": "plain",
                "optional": true
              }
            },
            "description_kind": "plain"
          }
        },
        "tfe_variable_set": {
          "version": 0,
          "block": {
            "attributes": {
              "description": {
                "type": "string",
                "description_kind": "plain",
                "optional": true
              },
              "global": {
                "type": "bool",
                "description_kind": "plain",
                "optional": true
              },
              "id": {
                "type": "string",
                "description_kind": "plain",
                "optional": true,
                "computed": true
              },
              "name": {
                "type": "string",
                "description_kind": "plain",
                "required": true
              },
              "organization": {
                "type": "string",
                "description_kind": "plain",
                "optional": true,
                "computed": true
              },
              "workspace_ids": {
                "type": [
                  "set",
                  "string"
                ],
                "description_kind": "plain",
                "optional": true,
                "computed": true
              }
            },
            "description_kind": "plain"
          }
        },
        "tfe_workspace": {
          "version": 1,
          "block": {
            "attributes": {
              "agent_pool_id": {
                "type": "string",
                "description_kind": "plain",
                "optional": true
              },
              "allow_destroy_plan": {
                "type": "bool",
                "description_kind": "plain",
                "optional": true
              },
              "assessments_enabled": {
                "type": "bool",
                "description_kind": "plain",
                "optional": true
              },
              "auto_apply": {
                "type": "bool",
                "description_kind": "plain",
                "optional": true
              },
              "description": {
                "type": "string",
                "description_kind": "plain",
                "optional": true
              },
              "execution_mode": {
                "type": "string",
                "description_kind": "plain",
                "optional": true,
                "computed": true
              },
              "file_triggers_enabled": {
                "type": "bool",
                "description_kind": "plain",
                "optional": true
              },
              "force_delete": {
                "type": "bool",
                "description_kind": "plain",
                "optional": true
              },
              "global_remote_state": {
                "type": "bool",
                "description_kind": "plain",
                "optional": true,
                "computed": true
              },
              "html_url": {
                "type": "string",
                "description_kind": "plain",
                "computed": true
              },
              "id": {
                "type": "string",
                "description_kind": "plain",
                "optional": true,
                "computed": true
              },
              "name": {
                "type": "string",
                "description_kind": "plain",
                "required": true
              },
              "operations": {
                "type": "bool",
                "description_kind": "plain",
                "deprecated": true,
                "optional": true,
                "computed": true
              },
              "organization": {
                "type": "string",
                "description_kind": "plain",
                "optional": true,
                "computed": true
              },
              "project_id": {
                "type": "string",
                "description_kind": "plain",
                "optional": true,
                "computed": true
              },
              "queue_all_runs": {
                "type": "bool",
                "description_kind": "plain",
                "optional": true
              },
              "remote_state_consumer_ids": {
                "type": [
                  "set",
                  "string"
                ],
                "description_kind": "plain",
                "optional": true,
                "computed": true
              },
              "resource_count": {
                "type": "number",
                "description_kind": "plain",
                "computed": true
              },
              "source_name": {
                "type": "string",
                "description_kind": "plain",
                "optional": true
              },
              "source_url": {
                "type": "string",
                "description_kind": "plain",
                "optional": true
              },
              "speculative_enabled": {
                "type": "bool",
                "description_kind": "plain",
                "optional": true
              },
              "ssh_key_id": {
                "type": "string",
                "description_kind": "plain",
                "optional": true
              },
              "structured_run_output_enabled": {
                "type": "bool",
                "description_kind": "plain",
                "optional": true
              },
              "tag_names": {
                "type": [
                  "set",
                  "string"
                ],
                "description_kind": "plain",
                "optional": true,
                "computed": true
              },
              "terraform_version": {
                "type": "string",
                "description_kind": "plain",
                "optional": true,
                "computed": true
              },
              "trigger_patterns": {
                "type": [
                  "list",
                  "string"
                ],
                "description_kind": "plain",
                "optional": true
              },
              "trigger_prefixes": {
                "type": [
                  "list",
                  "string"
                ],
                "description_kind": "plain",
                "optional": true
              },
              "working_directory": {
                "type": "string",
                "description_kind": "plain",
                "optional": true
              }
            },
            "block_types": {
              "vcs_repo": {
                "nesting_mode": "list",
                "block": {
                  "attributes": {
                    "branch": {
                      "type": "string",
                      "description_kind": "plain",
                      "optional": true
                    },
                    "github_app_installation_id": {
                      "type": "string",
                      "description_kind": "plain",
                      "optional": true
                    },
                    "identifier": {
                      "type": "string",
                      "description_kind": "plain",
                      "required": true
                    },
                    "ingress_submodules": {
                      "type": "bool",
                      "description_kind": "plain",
                      "optional": true
                    },
                    "oauth_token_id": {
                      "type": "string",
                      "description_kind": "plain",
                      "optional": true
                    },
                    "tags_regex": {
                      "type": "string",
                      "description_kind": "plain",
                      "optional": true
                    }
                  },
                  "description_kind": "plain"
                },
                "max_items": 1
              }
            },
            "description_kind": "plain"
          }
        },
        "tfe_workspace_policy_set": {
          "version": 0,
          "block": {
            "attributes": {
              "id": {
                "type": "string",
                "description_kind": "plain",
                "optional": true,
                "computed": true
              },
              "policy_set_id": {
                "type": "string",
                "description_kind": "plain",
                "required": true
              },
              "workspace_id": {
                "type": "string",
                "description_kind": "plain",
                "required": true
              }
            },
            "description_kind": "plain"
          }
        },
        "tfe_workspace_run_task": {
          "version": 0,
          "block": {
            "attributes": {
              "enforcement_level": {
                "type": "string",
                "description": "The enforcement level of the task. Valid values are `advisory` and `mandatory`.",
                "description_kind": "plain",
                "required": true
              },
              "id": {
                "type": "string",
                "description_kind": "plain",
                "optional": true,
                "computed": true
              },
              "stage": {
                "type": "string",
                "description": "The stage to run the task in. Valid values are `pre_plan`, `post_plan` and `pre_apply`.",
                "description_kind": "plain",
                "optional": true
              },
              "task_id": {
                "type": "string",
                "description": "The id of the Run task to associate to the Workspace.",
                "description_kind": "plain",
                "required": true
              },
              "workspace_id": {
                "type": "string",
                "description": "The id of the workspace to associate the Run task to.",
                "description_kind": "plain",
                "required": true
              }
            },
            "description_kind": "plain"
          }
        },
        "tfe_workspace_variable_set": {
          "version": 0,
          "block": {
            "attributes": {
              "id": {
                "type": "string",
                "description_kind": "plain",
                "optional": true,
                "computed": true
              },
              "variable_set_id": {
                "type": "string",
                "description_kind": "plain",
                "required": true
              },
              "workspace_id": {
                "type": "string",
                "description_kind": "plain",
                "required": true
              }
            },
            "description_kind": "plain"
          }
        }
      },
      "data_source_schemas": {
        "tfe_agent_pool": {
          "version": 0,
          "block": {
            "attributes": {
              "id": {
                "type": "string",
                "description_kind": "plain",
                "optional": true,
                "computed": true
              },
              "name": {
                "type": "string",
                "description_kind": "plain",
                "required": true
              },
              "organization": {
                "type": "string",
                "description_kind": "plain",
                "optional": true
              }
            },
            "description_kind": "plain"
          }
        },
        "tfe_github_app_installation": {
          "version": 0,
          "block": {
            "attributes": {
              "id": {
                "type": "string",
                "description_kind": "plain",
                "computed": true
              },
              "installation_id": {
                "type": "number",
                "description_kind": "plain",
                "optional": true
              },
              "name": {
                "type": "string",
                "description_kind": "plain",
                "optional": true
              }
            },
            "description_kind": "plain"
          }
        },
        "tfe_ip_ranges": {
          "version": 0,
          "block": {
            "attributes": {
              "api": {
                "type": [
                  "list",
                  "string"
                ],
                "description_kind": "plain",
                "computed": true
              },
              "id": {
                "type": "string",
                "description_kind": "plain",
                "optional": true,
                "computed": true
              },
              "notifications": {
                "type": [
                  "list",
                  "string"
                ],
                "description_kind": "plain",
                "computed": true
              },
              "sentinel": {
                "type": [
                  "list",
                  "string"
                ],
                "description_kind": "plain",
                "computed": true
              },
              "vcs": {
                "type": [
                  "list",
                  "string"
                ],
                "description_kind": "plain",
                "computed": true
              }
            },
            "description_kind": "plain"
          }
        },
        "tfe_oauth_client": {
          "version": 0,
          "block": {
            "attributes": {
              "api_url": {
                "type": "string",
                "description_kind": "plain",
                "computed": true
              },
              "callback_url": {
                "type": "string",
                "description_kind": "plain",
                "computed": true
              },
              "created_at": {
                "type": "string",
                "description_kind": "plain",
                "computed": true
              },
              "http_url": {
                "type": "string",
                "description_kind": "plain",
                "computed": true
              },
              "id": {
                "type": "string",
                "description_kind": "plain",
                "optional": true,
                "computed": true
              },
              "name": {
                "type": "string",
                "description_kind": "plain",
                "optional": true
              },
              "oauth_client_id": {
                "type": "string",
                "description_kind": "plain",
                "optional": true
              },
              "oauth_token_id": {
                "type": "string",
                "description_kind": "plain",
                "computed": true
              },
              "organization": {
                "type": "string",
                "description_kind": "plain",
                "optional": true
              },
              "service_provider": {
                "type": "string",
                "description_kind": "plain",
                "optional": true
              },
              "service_provider_display_name": {
                "type": "string",
                "description_kind": "plain",
                "computed": true
              }
            },
            "description_kind": "plain"
          }
        },
        "tfe_organization": {
          "version": 0,
          "block": {
            "attributes": {
              "assessments_enforced": {
                "type": "bool",
                "description_kind": "plain",
                "computed": true
              },
              "collaborator_auth_policy": {
                "type": "string",
                "description_kind": "plain",
                "computed": true
              },
              "cost_estimation_enabled": {
                "type": "bool",
                "description_kind": "plain",
                "computed": true
              },
              "default_project_id": {
                "type": "string",
                "description_kind": "plain",
                "computed": true
              },
              "email": {
                "type": "string",
                "description_kind": "plain",
                "computed": true
              },
              "external_id": {
                "type": "string",
                "description_kind": "plain",
                "computed": true
              },
              "id": {
                "type": "string",
                "description_kind": "plain",
                "optional": true,
                "computed": true
              },
              "name": {
                "type": "string",
                "description_kind": "plain",
                "required": true
              },
              "owners_team_saml_role_id": {
                "type": "string",
                "description_kind": "plain",
                "computed": true
              },
              "send_passing_statuses_for_untriggered_speculative_plans": {
                "type": "bool",
                "description_kind": "plain",
                "computed": true
              },
              "two_factor_conformant": {
                "type": "bool",
                "description_kind": "plain",
                "computed": true
              }
            },
            "description_kind": "plain"
          }
        },
        "tfe_organization_members": {
          "version": 0,
          "block": {
            "attributes": {
              "id": {
                "type": "string",
                "description_kind": "plain",
                "optional": true,
                "computed": true
              },
              "members": {
                "type": [
                  "list",
                  [
                    "object",
                    {
                      "organization_membership_id": "string",
                      "user_id": "string"
                    }
                  ]
                ],
                "description_kind": "plain",
                "computed": true
              },
              "members_waiting": {
                "type": [
                  "list",
                  [
                    "object",
                    {
                      "organization_membership_id": "string",
                      "user_id": "string"
                    }
                  ]
                ],
                "description_kind": "plain",
                "computed": true
              },
              "organization": {
                "type": "string",
                "description_kind": "plain",
                "optional": true
              }
            },
            "description_kind": "plain"
          }
        },
        "tfe_organization_membership": {
          "version": 0,
          "block": {
            "attributes": {
              "email": {
                "type": "string",
                "description_kind": "plain",
                "optional": true
              },
              "id": {
                "type": "string",
                "description_kind": "plain",
                "optional": true,
                "computed": true
              },
              "organization": {
                "type": "string",
                "description_kind": "plain",
                "optional": true
              },
              "user_id": {
                "type": "string",
                "description_kind": "plain",
                "computed": true
              },
              "username": {
                "type": "string",
                "description_kind": "plain",
                "optional": true,
                "computed": true
              }
            },
            "description_kind": "plain"
          }
        },
        "tfe_organization_run_task": {
          "version": 0,
          "block": {
            "attributes": {
              "category": {
                "type": "string",
                "description_kind": "plain",
                "optional": true
              },
              "description": {
                "type": "string",
                "description_kind": "plain",
                "optional": true
              },
              "enabled": {
                "type": "bool",
                "description_kind": "plain",
                "optional": true
              },
              "id": {
                "type": "string",
                "description_kind": "plain",
                "optional": true,
                "computed": true
              },
              "name": {
                "type": "string",
                "description_kind": "plain",
                "required": true
              },
              "organization": {
                "type": "string",
                "description_kind": "plain",
                "optional": true
              },
              "url": {
                "type": "string",
                "description_kind": "plain",
                "optional": true
              }
            },
            "description_kind": "plain"
          }
        },
        "tfe_organization_tags": {
          "version": 0,
          "block": {
            "attributes": {
              "id": {
                "type": "string",
                "description_kind": "plain",
                "optional": true,
                "computed": true
              },
              "organization": {
                "type": "string",
                "description_kind": "plain",
                "optional": true
              },
              "tags": {
                "type": [
                  "list",
                  [
                    "object",
                    {
                      "id": "string",
                      "name": "string",
                      "workspace_count": "number"
                    }
                  ]
                ],
                "description_kind": "plain",
                "computed": true
              }
            },
            "description_kind": "plain"
          }
        },
        "tfe_organizations": {
          "version": 0,
          "block": {
            "attributes": {
              "admin": {
                "type": "bool",
                "description_kind": "plain",
                "optional": true
              },
              "id": {
                "type": "string",
                "description_kind": "plain",
                "optional": true,
                "computed": true
              },
              "ids": {
                "type": [
                  "map",
                  "string"
                ],
                "description_kind": "plain",
                "computed": true
              },
              "names": {
                "type": [
                  "list",
                  "string"
                ],
                "description_kind": "plain",
                "computed": true
              }
            },
            "description_kind": "plain"
          }
        },
        "tfe_outputs": {
          "version": 0,
          "block": {
            "attributes": {
              "id": {
                "type": "string",
                "description_kind": "plain",
                "computed": true
              },
              "nonsensitive_values": {
                "type": "dynamic",
                "description_kind": "plain",
                "computed": true
              },
              "organization": {
                "type": "string",
                "description": "The organization to fetch the remote state from.",
                "description_kind": "plain",
                "optional": true
              },
              "values": {
                "type": "dynamic",
                "description_kind": "plain",
                "optional": true,
                "computed": true,
                "sensitive": true
              },
              "workspace": {
                "type": "string",
                "description": "The workspace to fetch the remote state from.",
                "description_kind": "plain",
                "required": true
              }
            },
            "description_kind": "plain"
          }
        },
        "tfe_policy_set": {
          "version": 0,
          "block": {
            "attributes": {
              "description": {
                "type": "string",
                "description_kind": "plain",
                "computed": true
              },
              "global": {
                "type": "bool",
                "description_kind": "plain",
                "computed": true
              },
              "id": {
                "type": "string",
                "description_kind": "plain",
                "optional": true,
                "computed": true
              },
              "kind": {
                "type": "string",
                "description": "The policy-as-code framework for the policy. Valid values are sentinel and opa",
                "description_kind": "plain",
                "optional": true
              },
              "name": {
                "type": "string",
                "description_kind": "plain",
                "required": true
              },
              "organization": {
                "type": "string",
                "description_kind": "plain",
                "optional": true
              },
              "overridable": {
                "type": "bool",
                "description": "Whether users can override this policy when it fails during a run. Only valid for OPA policies",
                "description_kind": "plain",
                "optional": true
              },
              "policies_path": {
                "type": "string",
                "description_kind": "plain",
                "computed": true
              },
              "policy_ids": {
                "type": [
                  "set",
                  "string"
                ],
                "description_kind": "plain",
                "computed": true
              },
              "vcs_repo": {
                "type": [
                  "list",
                  [
                    "object",
                    {
                      "branch": "string",
                      "github_app_installation_id": "string",
                      "identifier": "string",
                      "ingress_submodules": "bool",
                      "oauth_token_id": "string"
                    }
                  ]
                ],
                "description_kind": "plain",
                "computed": true
              },
              "workspace_ids": {
                "type": [
                  "set",
                  "string"
                ],
                "description_kind": "plain",
                "computed": true
              }
            },
            "description_kind": "plain"
          }
        },
        "tfe_project": {
          "version": 0,
          "block": {
            "attributes": {
              "id": {
                "type": "string",
                "description_kind": "plain",
                "optional": true,
                "computed": true
              },
              "name": {
                "type": "string",
                "description_kind": "plain",
                "required": true
              },
              "organization": {
                "type": "string",
                "description_kind": "plain",
                "optional": true
              },
              "workspace_ids": {
                "type": [
                  "set",
                  "string"
                ],
                "description_kind": "plain",
                "optional": true,
                "computed": true
              }
            },
            "description_kind": "plain"
          }
        },
        "tfe_slug": {
          "version": 0,
          "block": {
            "attributes": {
              "id": {
                "type": "string",
                "description_kind": "plain",
                "optional": true,
                "computed": true
              },
              "source_path": {
                "type": "string",
                "description_kind": "plain",
                "required": true
              }
            },
            "description_kind": "plain"
          }
        },
        "tfe_ssh_key": {
          "version": 0,
          "block": {
            "attributes": {
              "id": {
                "type": "string",
                "description_kind": "plain",
                "optional": true,
                "computed": true
              },
              "name": {
                "type": "string",
                "description_kind": "plain",
                "required": true
              },
              "organization": {
                "type": "string",
                "description_kind": "plain",
                "optional": true
              }
            },
            "description_kind": "plain"
          }
        },
        "tfe_team": {
          "version": 0,
          "block": {
            "attributes": {
              "id": {
                "type": "string",
                "description_kind": "plain",
                "optional": true,
                "computed": true
              },
              "name": {
                "type": "string",
                "description_kind": "plain",
                "required": true
              },
              "organization": {
                "type": "string",
                "description_kind": "plain",
                "optional": true
              },
              "sso_team_id": {
                "type": "string",
                "description_kind": "plain",
                "computed": true
              }
            },
            "description_kind": "plain"
          }
        },
        "tfe_team_access": {
          "version": 1,
          "block": {
            "attributes": {
              "access": {
                "type": "string",
                "description_kind": "plain",
                "computed": true
              },
              "id": {
                "type": "string",
                "description_kind": "plain",
                "optional": true,
                "computed": true
              },
              "permissions": {
                "type": [
                  "list",
                  [
                    "object",
                    {
                      "run_tasks": "bool",
                      "runs": "string",
                      "sentinel_mocks": "string",
                      "state_versions": "string",
                      "variables": "string",
                      "workspace_locking": "bool"
                    }
                  ]
                ],
                "description_kind": "plain",
                "computed": true
              },
              "team_id": {
                "type": "string",
                "description_kind": "plain",
                "required": true
              },
              "workspace_id": {
                "type": "string",
                "description_kind": "plain",
                "required": true
              }
            },
            "description_kind": "plain"
          }
        },
        "tfe_team_project_access": {
          "version": 1,
          "block": {
            "attributes": {
              "access": {
                "type": "string",
                "description_kind": "plain",
                "computed": true
              },
              "id": {
                "type": "string",
                "description_kind": "plain",
                "optional": true,
                "computed": true
              },
              "project_id": {
                "type": "string",
                "description_kind": "plain",
                "required": true
              },
              "team_id": {
                "type": "string",
                "description_kind": "plain",
                "required": true
              }
            },
            "description_kind": "plain"
          }
        },
        "tfe_variable_set": {
          "version": 0,
          "block": {
            "attributes": {
              "description": {
                "type": "string",
                "description_kind": "plain",
                "computed": true
              },
              "global": {
                "type": "bool",
                "description_kind": "plain",
                "computed": true
              },
              "id": {
                "type": "string",
                "description_kind": "plain",
                "optional": true,
                "computed": true
              },
              "name": {
                "type": "string",
                "description_kind": "plain",
                "required": true
              },
              "organization": {
                "type": "string",
                "description_kind": "plain",
                "optional": true
              },
              "variable_ids": {
                "type": [
                  "set",
                  "string"
                ],
                "description_kind": "plain",
                "optional": true,
                "computed": true
              },
              "workspace_ids": {
                "type": [
                  "set",
                  "string"
                ],
                "description_kind": "plain",
                "optional": true,
                "computed": true
              }
            },
            "description_kind": "plain"
          }
        },
        "tfe_variables": {
          "version": 0,
          "block": {
            "attributes": {
              "env": {
                "type": [
                  "list",
                  [
                    "object",
                    {
                      "category": "string",
                      "hcl": "bool",
                      "id": "string",
                      "name": "string",
                      "sensitive": "bool",
                      "value": "string"
                    }
                  ]
                ],
                "description_kind": "plain",
                "computed": true
              },
              "id": {
                "type": "string",
                "description_kind": "plain",
                "optional": true,
                "computed": true
              },
              "terraform": {
                "type": [
                  "list",
                  [
                    "object",
                    {
                      "category": "string",
                      "hcl": "bool",
                      "id": "string",
                      "name": "string",
                      "sensitive": "bool",
                      "value": "string"
                    }
                  ]
                ],
                "description_kind": "plain",
                "computed": true
              },
              "variable_set_id": {
                "type": "string",
                "description_kind": "plain",
                "optional": true
              },
              "variables": {
                "type": [
                  "list",
                  [
                    "object",
                    {
                      "category": "string",
                      "hcl": "bool",
                      "id": "string",
                      "name": "string",
                      "sensitive": "bool",
                      "value": "string"
                    }
                  ]
                ],
                "description_kind": "plain",
                "computed": true
              },
              "workspace_id": {
                "type": "string",
                "description_kind": "plain",
                "optional": true
              }
            },
            "description_kind": "plain"
          }
        },
        "tfe_workspace": {
          "version": 1,
          "block": {
            "attributes": {
              "allow_destroy_plan": {
                "type": "bool",
                "description_kind": "plain",
                "computed": true
              },
              "assessments_enabled": {
                "type": "bool",
                "description_kind": "plain",
                "computed": true
              },
              "auto_apply": {
                "type": "bool",
                "description_kind": "plain",
                "computed": true
              },
              "description": {
                "type": "string",
                "description_kind": "plain",
                "computed": true
              },
              "execution_mode": {
                "type": "string",
                "description_kind": "plain",
                "computed": true
              },
              "file_triggers_enabled": {
                "type": "bool",
                "description_kind": "plain",
                "computed": true
              },
              "global_remote_state": {
                "type": "bool",
                "description_kind": "plain",
                "computed": true
              },
              "html_url": {
                "type": "string",
                "description_kind": "plain",
                "computed": true
              },
              "id": {
                "type": "string",
                "description_kind": "plain",
                "optional": true,
                "computed": true
              },
              "name": {
                "type": "string",
                "description_kind": "plain",
                "required": true
              },
              "operations": {
                "type": "bool",
                "description_kind": "plain",
                "computed": true
              },
              "organization": {
                "type": "string",
                "description_kind": "plain",
                "optional": true
              },
              "policy_check_failures": {
                "type": "number",
                "description_kind": "plain",
                "computed": true
              },
              "project_id": {
                "type": "string",
                "description_kind": "plain",
                "computed": true
              },
              "queue_all_runs": {
                "type": "bool",
                "description_kind": "plain",
                "computed": true
              },
              "remote_state_consumer_ids": {
                "type": [
                  "set",
                  "string"
                ],
                "description_kind": "plain",
                "computed": true
              },
              "resource_count": {
                "type": "number",
                "description_kind": "plain",
                "computed": true
              },
              "run_failures": {
                "type": "number",
                "description_kind": "plain",
                "computed": true
              },
              "runs_count": {
                "type": "number",
                "description_kind": "plain",
                "computed": true
              },
              "source_name": {
                "type": "string",
                "description_kind": "plain",
                "computed": true
              },
              "source_url": {
                "type": "string",
                "description_kind": "plain",
                "computed": true
              },
              "speculative_enabled": {
                "type": "bool",
                "description_kind": "plain",
                "computed": true
              },
              "ssh_key_id": {
                "type": "string",
                "description_kind": "plain",
                "computed": true
              },
              "structured_run_output_enabled": {
                "type": "bool",
                "description_kind": "plain",
                "computed": true
              },
              "tag_names": {
                "type": [
                  "set",
                  "string"
                ],
                "description_kind": "plain",
                "optional": true,
                "computed": true
              },
              "terraform_version": {
                "type": "string",
                "description_kind": "plain",
                "computed": true
              },
              "trigger_patterns": {
                "type": [
                  "list",
                  "string"
                ],
                "description_kind": "plain",
                "computed": true
              },
              "trigger_prefixes": {
                "type": [
                  "list",
                  "string"
                ],
                "description_kind": "plain",
                "computed": true
              },
              "vcs_repo": {
                "type": [
                  "list",
                  [
                    "object",
                    {
                      "branch": "string",
                      "github_app_installation_id": "string",
                      "identifier": "string",
                      "ingress_submodules": "bool",
                      "oauth_token_id": "string",
                      "tags_regex": "string"
                    }
                  ]
                ],
                "description_kind": "plain",
                "computed": true
              },
              "working_directory": {
                "type": "string",
                "description_kind": "plain",
                "computed": true
              }
            },
            "description_kind": "plain"
          }
        },
        "tfe_workspace_ids": {
          "version": 0,
          "block": {
            "attributes": {
              "exclude_tags": {
                "type": [
                  "set",
                  "string"
                ],
                "description_kind": "plain",
                "optional": true
              },
              "full_names": {
                "type": [
                  "map",
                  "string"
                ],
                "description_kind": "plain",
                "computed": true
              },
              "id": {
                "type": "string",
                "description_kind": "plain",
                "optional": true,
                "computed": true
              },
              "ids": {
                "type": [
                  "map",
                  "string"
                ],
                "description_kind": "plain",
                "computed": true
              },
              "names": {
                "type": [
                  "list",
                  "string"
                ],
                "description_kind": "plain",
                "optional": true
              },
              "organization": {
                "type": "string",
                "description_kind": "plain",
                "optional": true
              },
              "tag_names": {
                "type": [
                  "list",
                  "string"
                ],
                "description_kind": "plain",
                "optional": true
              }
            },
            "description_kind": "plain"
          }
        },
        "tfe_workspace_run_task": {
          "version": 0,
          "block": {
            "attributes": {
              "enforcement_level": {
                "type": "string",
                "description": "The enforcement level of the task.",
                "description_kind": "plain",
                "computed": true
              },
              "id": {
                "type": "string",
                "description_kind": "plain",
                "optional": true,
                "computed": true
              },
              "stage": {
                "type": "string",
                "description": "Which stage the task will run in.",
                "description_kind": "plain",
                "computed": true
              },
              "task_id": {
                "type": "string",
                "description": "The id of the run task.",
                "description_kind": "plain",
                "required": true
              },
              "workspace_id": {
                "type": "string",
                "description": "The id of the workspace.",
                "description_kind": "plain",
                "required": true
              }
            },
            "description_kind": "plain"
          }
        }
      }
    }
  }
}
