{
  "format_version": "1.0",
  "provider_schemas": {
    "registry.terraform.io/turbot/turbot": {
      "provider": {
        "version": 0,
        "block": {
          "attributes": {
            "access_key": {
              "type": "string",
              "description_kind": "plain",
              "optional": true
            },
            "credentials_file": {
              "type": "string",
              "description_kind": "plain",
              "optional": true
            },
            "profile": {
              "type": "string",
              "description_kind": "plain",
              "optional": true
            },
            "secret_key": {
              "type": "string",
              "description_kind": "plain",
              "optional": true
            },
            "workspace": {
              "type": "string",
              "description_kind": "plain",
              "optional": true
            }
          },
          "description_kind": "plain"
        }
      },
      "resource_schemas": {
        "turbot_file": {
          "version": 0,
          "block": {
            "attributes": {
              "akas": {
                "type": [
                  "list",
                  "string"
                ],
                "description_kind": "plain",
                "optional": true
              },
              "content": {
                "type": "string",
                "description_kind": "plain",
                "optional": true
              },
              "description": {
                "type": "string",
                "description_kind": "plain",
                "optional": true
              },
              "id": {
                "type": "string",
                "description_kind": "plain",
                "optional": true,
                "computed": true
              },
              "parent": {
                "type": "string",
                "description_kind": "plain",
                "required": true
              },
              "parent_akas": {
                "type": [
                  "list",
                  "string"
                ],
                "description_kind": "plain",
                "computed": true
              },
              "tags": {
                "type": [
                  "map",
                  "string"
                ],
                "description_kind": "plain",
                "optional": true
              },
              "title": {
                "type": "string",
                "description_kind": "plain",
                "required": true
              }
            },
            "description_kind": "plain"
          }
        },
        "turbot_folder": {
          "version": 0,
          "block": {
            "attributes": {
              "akas": {
                "type": [
                  "list",
                  "string"
                ],
                "description_kind": "plain",
                "optional": true
              },
              "description": {
                "type": "string",
                "description_kind": "plain",
                "optional": true
              },
              "id": {
                "type": "string",
                "description_kind": "plain",
                "optional": true,
                "computed": true
              },
              "parent": {
                "type": "string",
                "description_kind": "plain",
                "required": true
              },
              "parent_akas": {
                "type": [
                  "list",
                  "string"
                ],
                "description_kind": "plain",
                "computed": true
              },
              "tags": {
                "type": [
                  "map",
                  "string"
                ],
                "description_kind": "plain",
                "optional": true
              },
              "title": {
                "type": "string",
                "description_kind": "plain",
                "required": true
              }
            },
            "description_kind": "plain"
          }
        },
        "turbot_google_directory": {
          "version": 0,
          "block": {
            "attributes": {
              "client_id": {
                "type": "string",
                "description_kind": "plain",
                "required": true
              },
              "client_secret": {
                "type": "string",
                "description_kind": "plain",
                "required": true
              },
              "description": {
                "type": "string",
                "description_kind": "plain",
                "optional": true
              },
              "directory_type": {
                "type": "string",
                "description_kind": "plain",
                "computed": true
              },
              "group_id_template": {
                "type": "string",
                "description_kind": "plain",
                "optional": true
              },
              "hosted_name": {
                "type": "string",
                "description_kind": "plain",
                "optional": true
              },
              "id": {
                "type": "string",
                "description_kind": "plain",
                "optional": true,
                "computed": true
              },
              "key_fingerprint": {
                "type": "string",
                "description_kind": "plain",
                "computed": true
              },
              "login_name_template": {
                "type": "string",
                "description_kind": "plain",
                "optional": true
              },
              "parent": {
                "type": "string",
                "description_kind": "plain",
                "required": true
              },
              "parent_akas": {
                "type": [
                  "list",
                  "string"
                ],
                "description_kind": "plain",
                "computed": true
              },
              "pgp_key": {
                "type": "string",
                "description_kind": "plain",
                "optional": true
              },
              "pool_id": {
                "type": "string",
                "description_kind": "plain",
                "optional": true
              },
              "profile_id_template": {
                "type": "string",
                "description_kind": "plain",
                "required": true
              },
              "status": {
                "type": "string",
                "description_kind": "plain",
                "computed": true
              },
              "tags": {
                "type": [
                  "map",
                  "string"
                ],
                "description_kind": "plain",
                "optional": true
              },
              "title": {
                "type": "string",
                "description_kind": "plain",
                "required": true
              }
            },
            "description_kind": "plain"
          }
        },
        "turbot_grant": {
          "version": 0,
          "block": {
            "attributes": {
              "id": {
                "type": "string",
                "description_kind": "plain",
                "optional": true,
                "computed": true
              },
              "identity": {
                "type": "string",
                "description_kind": "plain",
                "required": true
              },
              "identity_akas": {
                "type": [
                  "list",
                  "string"
                ],
                "description_kind": "plain",
                "computed": true
              },
              "level": {
                "type": "string",
                "description_kind": "plain",
                "required": true
              },
              "permission_level_akas": {
                "type": [
                  "list",
                  "string"
                ],
                "description_kind": "plain",
                "computed": true
              },
              "permission_type_akas": {
                "type": [
                  "list",
                  "string"
                ],
                "description_kind": "plain",
                "computed": true
              },
              "resource": {
                "type": "string",
                "description_kind": "plain",
                "required": true
              },
              "resource_akas": {
                "type": [
                  "list",
                  "string"
                ],
                "description_kind": "plain",
                "computed": true
              },
              "type": {
                "type": "string",
                "description_kind": "plain",
                "required": true
              }
            },
            "description_kind": "plain"
          }
        },
        "turbot_grant_activation": {
          "version": 0,
          "block": {
            "attributes": {
              "grant": {
                "type": "string",
                "description_kind": "plain",
                "required": true
              },
              "id": {
                "type": "string",
                "description_kind": "plain",
                "optional": true,
                "computed": true
              },
              "resource": {
                "type": "string",
                "description_kind": "plain",
                "required": true
              },
              "resource_akas": {
                "type": [
                  "list",
                  "string"
                ],
                "description_kind": "plain",
                "computed": true
              }
            },
            "description_kind": "plain"
          }
        },
        "turbot_ldap_directory": {
          "version": 0,
          "block": {
            "attributes": {
              "base": {
                "type": "string",
                "description_kind": "plain",
                "required": true
              },
              "connectivity_test_filter": {
                "type": "string",
                "description_kind": "plain",
                "optional": true
              },
              "description": {
                "type": "string",
                "description_kind": "plain",
                "optional": true
              },
              "disabled_group_filter": {
                "type": "string",
                "description_kind": "plain",
                "optional": true
              },
              "disabled_user_filter": {
                "type": "string",
                "description_kind": "plain",
                "optional": true
              },
              "distinguished_name": {
                "type": "string",
                "description_kind": "plain",
                "required": true
              },
              "group_member_of_attribute": {
                "type": "string",
                "description_kind": "plain",
                "optional": true
              },
              "group_membership_attribute": {
                "type": "string",
                "description_kind": "plain",
                "optional": true
              },
              "group_object_filter": {
                "type": "string",
                "description_kind": "plain",
                "optional": true
              },
              "group_profile_id_template": {
                "type": "string",
                "description_kind": "plain",
                "optional": true
              },
              "group_search_filter": {
                "type": "string",
                "description_kind": "plain",
                "optional": true
              },
              "group_sync_filter": {
                "type": "string",
                "description_kind": "plain",
                "optional": true
              },
              "id": {
                "type": "string",
                "description_kind": "plain",
                "optional": true,
                "computed": true
              },
              "parent": {
                "type": "string",
                "description_kind": "plain",
                "required": true
              },
              "parent_akas": {
                "type": [
                  "list",
                  "string"
                ],
                "description_kind": "plain",
                "computed": true
              },
              "password": {
                "type": "string",
                "description_kind": "plain",
                "required": true,
                "sensitive": true
              },
              "profile_id_template": {
                "type": "string",
                "description_kind": "plain",
                "required": true
              },
              "reject_unauthorized": {
                "type": "bool",
                "description_kind": "plain",
                "required": true
              },
              "status": {
                "type": "string",
                "description_kind": "plain",
                "computed": true
              },
              "tags": {
                "type": [
                  "map",
                  "string"
                ],
                "description_kind": "plain",
                "optional": true
              },
              "title": {
                "type": "string",
                "description_kind": "plain",
                "required": true
              },
              "tls_enabled": {
                "type": "bool",
                "description_kind": "plain",
                "required": true
              },
              "tls_server_certificate": {
                "type": "string",
                "description_kind": "plain",
                "optional": true
              },
              "url": {
                "type": "string",
                "description_kind": "plain",
                "required": true
              },
              "user_canonical_name_attribute": {
                "type": "string",
                "description_kind": "plain",
                "optional": true
              },
              "user_display_name_attribute": {
                "type": "string",
                "description_kind": "plain",
                "optional": true
              },
              "user_email_attribute": {
                "type": "string",
                "description_kind": "plain",
                "optional": true
              },
              "user_family_name_attribute": {
                "type": "string",
                "description_kind": "plain",
                "optional": true
              },
              "user_given_name_attribute": {
                "type": "string",
                "description_kind": "plain",
                "optional": true
              },
              "user_match_filter": {
                "type": "string",
                "description_kind": "plain",
                "optional": true
              },
              "user_object_filter": {
                "type": "string",
                "description_kind": "plain",
                "optional": true
              },
              "user_search_attributes": {
                "type": [
                  "list",
                  "string"
                ],
                "description_kind": "plain",
                "optional": true
              },
              "user_search_filter": {
                "type": "string",
                "description_kind": "plain",
                "optional": true
              }
            },
            "description_kind": "plain"
          }
        },
        "turbot_local_directory": {
          "version": 0,
          "block": {
            "attributes": {
              "description": {
                "type": "string",
                "description_kind": "plain",
                "optional": true
              },
              "directory_type": {
                "type": "string",
                "description_kind": "plain",
                "computed": true
              },
              "id": {
                "type": "string",
                "description_kind": "plain",
                "optional": true,
                "computed": true
              },
              "parent": {
                "type": "string",
                "description_kind": "plain",
                "required": true
              },
              "parent_akas": {
                "type": [
                  "list",
                  "string"
                ],
                "description_kind": "plain",
                "computed": true
              },
              "profile_id_template": {
                "type": "string",
                "description_kind": "plain",
                "required": true
              },
              "status": {
                "type": "string",
                "description_kind": "plain",
                "computed": true
              },
              "tags": {
                "type": [
                  "map",
                  "string"
                ],
                "description_kind": "plain",
                "optional": true
              },
              "title": {
                "type": "string",
                "description_kind": "plain",
                "required": true
              }
            },
            "description_kind": "plain"
          }
        },
        "turbot_local_directory_user": {
          "version": 0,
          "block": {
            "attributes": {
              "display_name": {
                "type": "string",
                "description_kind": "plain",
                "required": true
              },
              "email": {
                "type": "string",
                "description_kind": "plain",
                "required": true
              },
              "family_name": {
                "type": "string",
                "description_kind": "plain",
                "optional": true
              },
              "given_name": {
                "type": "string",
                "description_kind": "plain",
                "optional": true
              },
              "id": {
                "type": "string",
                "description_kind": "plain",
                "optional": true,
                "computed": true
              },
              "middle_name": {
                "type": "string",
                "description_kind": "plain",
                "optional": true
              },
              "parent": {
                "type": "string",
                "description_kind": "plain",
                "required": true
              },
              "parent_akas": {
                "type": [
                  "list",
                  "string"
                ],
                "description_kind": "plain",
                "computed": true
              },
              "password_timestamp": {
                "type": "string",
                "description_kind": "plain",
                "computed": true
              },
              "picture": {
                "type": "string",
                "description_kind": "plain",
                "optional": true
              },
              "status": {
                "type": "string",
                "description_kind": "plain",
                "computed": true
              },
              "tags": {
                "type": [
                  "map",
                  "string"
                ],
                "description_kind": "plain",
                "optional": true
              },
              "title": {
                "type": "string",
                "description_kind": "plain",
                "required": true
              }
            },
            "description_kind": "plain"
          }
        },
        "turbot_mod": {
          "version": 0,
          "block": {
            "attributes": {
              "id": {
                "type": "string",
                "description_kind": "plain",
                "optional": true,
                "computed": true
              },
              "mod": {
                "type": "string",
                "description_kind": "plain",
                "required": true
              },
              "org": {
                "type": "string",
                "description_kind": "plain",
                "required": true
              },
              "parent": {
                "type": "string",
                "description_kind": "plain",
                "optional": true
              },
              "parent_akas": {
                "type": [
                  "list",
                  "string"
                ],
                "description_kind": "plain",
                "computed": true
              },
              "uri": {
                "type": "string",
                "description_kind": "plain",
                "computed": true
              },
              "version": {
                "type": "string",
                "description_kind": "plain",
                "optional": true
              },
              "version_current": {
                "type": "string",
                "description_kind": "plain",
                "computed": true
              },
              "version_latest": {
                "type": "string",
                "description_kind": "plain",
                "computed": true
              }
            },
            "block_types": {
              "timeouts": {
                "nesting_mode": "single",
                "block": {
                  "attributes": {
                    "create": {
                      "type": "string",
                      "description_kind": "plain",
                      "optional": true
                    }
                  },
                  "description_kind": "plain"
                }
              }
            },
            "description_kind": "plain"
          }
        },
        "turbot_policy_setting": {
          "version": 0,
          "block": {
            "attributes": {
              "id": {
                "type": "string",
                "description_kind": "plain",
                "optional": true,
                "computed": true
              },
              "note": {
                "type": "string",
                "description_kind": "plain",
                "optional": true
              },
              "pgp_key": {
                "type": "string",
                "description_kind": "plain",
                "optional": true
              },
              "precedence": {
                "type": "string",
                "description_kind": "plain",
                "optional": true
              },
              "resource": {
                "type": "string",
                "description_kind": "plain",
                "required": true
              },
              "resource_akas": {
                "type": [
                  "list",
                  "string"
                ],
                "description_kind": "plain",
                "computed": true
              },
              "template": {
                "type": "string",
                "description_kind": "plain",
                "optional": true
              },
              "template_input": {
                "type": "string",
                "description_kind": "plain",
                "optional": true
              },
              "type": {
                "type": "string",
                "description_kind": "plain",
                "required": true
              },
              "valid_from_timestamp": {
                "type": "string",
                "description_kind": "plain",
                "optional": true
              },
              "valid_to_timestamp": {
                "type": "string",
                "description_kind": "plain",
                "optional": true
              },
              "value": {
                "type": "string",
                "description_kind": "plain",
                "optional": true
              },
              "value_key_fingerprint": {
                "type": "string",
                "description_kind": "plain",
                "computed": true
              },
              "value_source": {
                "type": "string",
                "description_kind": "plain",
                "computed": true
              },
              "value_source_key_fingerprint": {
                "type": "string",
                "description_kind": "plain",
                "computed": true
              },
              "value_source_used": {
                "type": "bool",
                "description_kind": "plain",
                "computed": true
              }
            },
            "description_kind": "plain"
          }
        },
        "turbot_profile": {
          "version": 0,
          "block": {
            "attributes": {
              "directory_pool_id": {
                "type": "string",
                "description_kind": "plain",
                "optional": true
              },
              "display_name": {
                "type": "string",
                "description_kind": "plain",
                "required": true
              },
              "email": {
                "type": "string",
                "description_kind": "plain",
                "required": true
              },
              "external_id": {
                "type": "string",
                "description_kind": "plain",
                "optional": true
              },
              "family_name": {
                "type": "string",
                "description_kind": "plain",
                "required": true
              },
              "given_name": {
                "type": "string",
                "description_kind": "plain",
                "required": true
              },
              "id": {
                "type": "string",
                "description_kind": "plain",
                "optional": true,
                "computed": true
              },
              "last_login_timestamp": {
                "type": "string",
                "description_kind": "plain",
                "optional": true
              },
              "middle_name": {
                "type": "string",
                "description_kind": "plain",
                "optional": true
              },
              "parent": {
                "type": "string",
                "description_kind": "plain",
                "required": true
              },
              "parent_akas": {
                "type": [
                  "list",
                  "string"
                ],
                "description_kind": "plain",
                "computed": true
              },
              "picture": {
                "type": "string",
                "description_kind": "plain",
                "optional": true
              },
              "profile_id": {
                "type": "string",
                "description_kind": "plain",
                "required": true
              },
              "status": {
                "type": "string",
                "description_kind": "plain",
                "optional": true
              },
              "title": {
                "type": "string",
                "description_kind": "plain",
                "required": true
              }
            },
            "description_kind": "plain"
          }
        },
        "turbot_resource": {
          "version": 0,
          "block": {
            "attributes": {
              "akas": {
                "type": [
                  "list",
                  "string"
                ],
                "description_kind": "plain",
                "optional": true
              },
              "data": {
                "type": "string",
                "description_kind": "plain",
                "optional": true
              },
              "full_data": {
                "type": "string",
                "description_kind": "plain",
                "optional": true
              },
              "full_metadata": {
                "type": "string",
                "description_kind": "plain",
                "optional": true
              },
              "id": {
                "type": "string",
                "description_kind": "plain",
                "optional": true,
                "computed": true
              },
              "metadata": {
                "type": "string",
                "description_kind": "plain",
                "optional": true
              },
              "parent": {
                "type": "string",
                "description_kind": "plain",
                "required": true
              },
              "parent_akas": {
                "type": [
                  "list",
                  "string"
                ],
                "description_kind": "plain",
                "computed": true
              },
              "tags": {
                "type": [
                  "map",
                  "string"
                ],
                "description_kind": "plain",
                "optional": true
              },
              "type": {
                "type": "string",
                "description_kind": "plain",
                "required": true
              }
            },
            "description_kind": "plain"
          }
        },
        "turbot_saml_directory": {
          "version": 0,
          "block": {
            "attributes": {
              "allow_group_syncing": {
                "type": "bool",
                "description_kind": "plain",
                "optional": true
              },
              "allow_idp_initiated_sso": {
                "type": "bool",
                "description_kind": "plain",
                "optional": true
              },
              "certificate": {
                "type": "string",
                "description_kind": "plain",
                "required": true
              },
              "description": {
                "type": "string",
                "description_kind": "plain",
                "optional": true
              },
              "directory_type": {
                "type": "string",
                "description_kind": "plain",
                "computed": true
              },
              "entry_point": {
                "type": "string",
                "description_kind": "plain",
                "required": true
              },
              "group_filter": {
                "type": "string",
                "description_kind": "plain",
                "optional": true
              },
              "group_id_template": {
                "type": "string",
                "description_kind": "plain",
                "optional": true
              },
              "id": {
                "type": "string",
                "description_kind": "plain",
                "optional": true,
                "computed": true
              },
              "issuer": {
                "type": "string",
                "description_kind": "plain",
                "optional": true
              },
              "name_id_format": {
                "type": "string",
                "description_kind": "plain",
                "optional": true
              },
              "parent": {
                "type": "string",
                "description_kind": "plain",
                "required": true
              },
              "parent_akas": {
                "type": [
                  "list",
                  "string"
                ],
                "description_kind": "plain",
                "computed": true
              },
              "pool_id": {
                "type": "string",
                "description_kind": "plain",
                "optional": true
              },
              "profile_groups_attribute": {
                "type": "string",
                "description_kind": "plain",
                "optional": true
              },
              "profile_id_template": {
                "type": "string",
                "description_kind": "plain",
                "required": true
              },
              "sign_requests": {
                "type": "string",
                "description_kind": "plain",
                "optional": true
              },
              "signature_algorithm": {
                "type": "string",
                "description_kind": "plain",
                "optional": true
              },
              "signature_private_key": {
                "type": "string",
                "description_kind": "plain",
                "optional": true
              },
              "status": {
                "type": "string",
                "description_kind": "plain",
                "computed": true
              },
              "tags": {
                "type": [
                  "map",
                  "string"
                ],
                "description_kind": "plain",
                "optional": true
              },
              "title": {
                "type": "string",
                "description_kind": "plain",
                "required": true
              }
            },
            "description_kind": "plain"
          }
        },
        "turbot_shadow_resource": {
          "version": 0,
          "block": {
            "attributes": {
              "filter": {
                "type": "string",
                "description_kind": "plain",
                "optional": true
              },
              "id": {
                "type": "string",
                "description_kind": "plain",
                "optional": true,
                "computed": true
              },
              "resource": {
                "type": "string",
                "description_kind": "plain",
                "optional": true
              }
            },
            "block_types": {
              "timeouts": {
                "nesting_mode": "single",
                "block": {
                  "attributes": {
                    "create": {
                      "type": "string",
                      "description_kind": "plain",
                      "optional": true
                    }
                  },
                  "description_kind": "plain"
                }
              }
            },
            "description_kind": "plain"
          }
        },
        "turbot_smart_folder": {
          "version": 0,
          "block": {
            "attributes": {
              "description": {
                "type": "string",
                "description_kind": "plain",
                "optional": true
              },
              "filter": {
                "type": "string",
                "description_kind": "plain",
                "optional": true
              },
              "id": {
                "type": "string",
                "description_kind": "plain",
                "optional": true,
                "computed": true
              },
              "parent": {
                "type": "string",
                "description_kind": "plain",
                "required": true
              },
              "parent_akas": {
                "type": [
                  "list",
                  "string"
                ],
                "description_kind": "plain",
                "computed": true
              },
              "title": {
                "type": "string",
                "description_kind": "plain",
                "required": true
              }
            },
            "description_kind": "plain"
          }
        },
        "turbot_smart_folder_attachment": {
          "version": 0,
          "block": {
            "attributes": {
              "id": {
                "type": "string",
                "description_kind": "plain",
                "optional": true,
                "computed": true
              },
              "resource": {
                "type": "string",
                "description_kind": "plain",
                "required": true
              },
              "resource_akas": {
                "type": [
                  "list",
                  "string"
                ],
                "description_kind": "plain",
                "computed": true
              },
              "smart_folder": {
                "type": "string",
                "description_kind": "plain",
                "required": true
              }
            },
            "description_kind": "plain"
          }
        },
        "turbot_turbot_directory": {
          "version": 0,
          "block": {
            "attributes": {
              "description": {
                "type": "string",
                "description_kind": "plain",
                "optional": true
              },
              "id": {
                "type": "string",
                "description_kind": "plain",
                "optional": true,
                "computed": true
              },
              "parent": {
                "type": "string",
                "description_kind": "plain",
                "required": true
              },
              "parent_akas": {
                "type": [
                  "list",
                  "string"
                ],
                "description_kind": "plain",
                "computed": true
              },
              "profile_id_template": {
                "type": "string",
                "description_kind": "plain",
                "required": true
              },
              "server": {
                "type": "string",
                "description_kind": "plain",
                "required": true
              },
              "status": {
                "type": "string",
                "description_kind": "plain",
                "computed": true
              },
              "tags": {
                "type": [
                  "map",
                  "string"
                ],
                "description_kind": "plain",
                "optional": true
              },
              "title": {
                "type": "string",
                "description_kind": "plain",
                "required": true
              }
            },
            "description_kind": "plain"
          }
        },
        "turbot_watch": {
          "version": 0,
          "block": {
            "attributes": {
              "action": {
                "type": "string",
                "description_kind": "plain",
                "required": true
              },
              "description": {
                "type": "string",
                "description_kind": "plain",
                "optional": true,
                "computed": true
              },
              "favorite": {
                "type": "string",
                "description_kind": "plain",
                "optional": true,
                "computed": true
              },
              "filters": {
                "type": [
                  "list",
                  "string"
                ],
                "description_kind": "plain",
                "required": true
              },
              "handler": {
                "type": [
                  "map",
                  "string"
                ],
                "description_kind": "plain",
                "optional": true,
                "computed": true
              },
              "id": {
                "type": "string",
                "description_kind": "plain",
                "optional": true,
                "computed": true
              },
              "resource": {
                "type": "string",
                "description_kind": "plain",
                "required": true
              }
            },
            "description_kind": "plain"
          }
        }
      },
      "data_source_schemas": {
        "turbot_control": {
          "version": 0,
          "block": {
            "attributes": {
              "details": {
                "type": "string",
                "description_kind": "plain",
                "computed": true
              },
              "id": {
                "type": "string",
                "description_kind": "plain",
                "optional": true
              },
              "reason": {
                "type": "string",
                "description_kind": "plain",
                "computed": true
              },
              "resource": {
                "type": "string",
                "description_kind": "plain",
                "optional": true
              },
              "state": {
                "type": "string",
                "description_kind": "plain",
                "computed": true
              },
              "type": {
                "type": "string",
                "description_kind": "plain",
                "optional": true
              }
            },
            "description_kind": "plain"
          }
        },
        "turbot_policy_value": {
          "version": 0,
          "block": {
            "attributes": {
              "details": {
                "type": "string",
                "description_kind": "plain",
                "computed": true
              },
              "id": {
                "type": "string",
                "description_kind": "plain",
                "optional": true,
                "computed": true
              },
              "precedence": {
                "type": "string",
                "description_kind": "plain",
                "computed": true
              },
              "reason": {
                "type": "string",
                "description_kind": "plain",
                "computed": true
              },
              "resource": {
                "type": "string",
                "description_kind": "plain",
                "required": true
              },
              "setting_id": {
                "type": "string",
                "description_kind": "plain",
                "computed": true
              },
              "state": {
                "type": "string",
                "description_kind": "plain",
                "computed": true
              },
              "type": {
                "type": "string",
                "description_kind": "plain",
                "required": true
              },
              "value": {
                "type": "string",
                "description_kind": "plain",
                "computed": true
              },
              "value_source": {
                "type": "string",
                "description_kind": "plain",
                "computed": true
              }
            },
            "description_kind": "plain"
          }
        },
        "turbot_resource": {
          "version": 0,
          "block": {
            "attributes": {
              "akas": {
                "type": [
                  "list",
                  "string"
                ],
                "description_kind": "plain",
                "computed": true
              },
              "data": {
                "type": "string",
                "description_kind": "plain",
                "computed": true
              },
              "id": {
                "type": "string",
                "description_kind": "plain",
                "required": true
              },
              "metadata": {
                "type": "string",
                "description_kind": "plain",
                "computed": true
              },
              "tags": {
                "type": [
                  "map",
                  "string"
                ],
                "description_kind": "plain",
                "optional": true
              },
              "turbot": {
                "type": [
                  "map",
                  "string"
                ],
                "description_kind": "plain",
                "computed": true
              }
            },
            "description_kind": "plain"
          }
        }
      }
    }
  }
}
