{
  "format_version": "1.0",
  "provider_schemas": {
    "registry.terraform.io/ucloud/ucloud": {
      "provider": {
        "version": 0,
        "block": {
          "attributes": {
            "base_url": {
              "type": "string",
              "description": "...",
              "description_kind": "plain",
              "optional": true
            },
            "insecure": {
              "type": "bool",
              "description": "...",
              "description_kind": "plain",
              "optional": true
            },
            "max_retries": {
              "type": "number",
              "description": "...",
              "description_kind": "plain",
              "optional": true
            },
            "private_key": {
              "type": "string",
              "description": "...",
              "description_kind": "plain",
              "optional": true
            },
            "profile": {
              "type": "string",
              "description": "...",
              "description_kind": "plain",
              "optional": true
            },
            "project_id": {
              "type": "string",
              "description": "...",
              "description_kind": "plain",
              "required": true
            },
            "public_key": {
              "type": "string",
              "description": "...",
              "description_kind": "plain",
              "optional": true
            },
            "region": {
              "type": "string",
              "description": "...",
              "description_kind": "plain",
              "required": true
            },
            "shared_credentials_file": {
              "type": "string",
              "description": "...",
              "description_kind": "plain",
              "optional": true
            }
          },
          "description_kind": "plain"
        }
      },
      "resource_schemas": {
        "ucloud_anti_ddos_allowed_domain": {
          "version": 0,
          "block": {
            "attributes": {
              "comment": {
                "type": "string",
                "description_kind": "plain",
                "optional": true,
                "computed": true
              },
              "domain": {
                "type": "string",
                "description_kind": "plain",
                "required": true
              },
              "id": {
                "type": "string",
                "description_kind": "plain",
                "optional": true,
                "computed": true
              },
              "instance_id": {
                "type": "string",
                "description_kind": "plain",
                "required": true
              },
              "status": {
                "type": "string",
                "description_kind": "plain",
                "computed": true
              }
            },
            "description_kind": "plain"
          }
        },
        "ucloud_anti_ddos_instance": {
          "version": 0,
          "block": {
            "attributes": {
              "area": {
                "type": "string",
                "description_kind": "plain",
                "required": true
              },
              "bandwidth": {
                "type": "number",
                "description_kind": "plain",
                "required": true
              },
              "base_defence_value": {
                "type": "number",
                "description_kind": "plain",
                "required": true
              },
              "charge_type": {
                "type": "string",
                "description_kind": "plain",
                "optional": true
              },
              "create_time": {
                "type": "string",
                "description_kind": "plain",
                "computed": true
              },
              "data_center": {
                "type": "string",
                "description_kind": "plain",
                "required": true
              },
              "duration": {
                "type": "number",
                "description_kind": "plain",
                "optional": true
              },
              "expire_time": {
                "type": "string",
                "description_kind": "plain",
                "computed": true
              },
              "id": {
                "type": "string",
                "description_kind": "plain",
                "optional": true,
                "computed": true
              },
              "max_defence_value": {
                "type": "number",
                "description_kind": "plain",
                "required": true
              },
              "name": {
                "type": "string",
                "description_kind": "plain",
                "required": true
              },
              "status": {
                "type": "string",
                "description_kind": "plain",
                "computed": true
              }
            },
            "description_kind": "plain"
          }
        },
        "ucloud_anti_ddos_ip": {
          "version": 0,
          "block": {
            "attributes": {
              "comment": {
                "type": "string",
                "description_kind": "plain",
                "optional": true,
                "computed": true
              },
              "domain": {
                "type": "string",
                "description_kind": "plain",
                "computed": true
              },
              "id": {
                "type": "string",
                "description_kind": "plain",
                "optional": true,
                "computed": true
              },
              "instance_id": {
                "type": "string",
                "description_kind": "plain",
                "required": true
              },
              "ip": {
                "type": "string",
                "description_kind": "plain",
                "computed": true
              },
              "status": {
                "type": "string",
                "description_kind": "plain",
                "computed": true
              }
            },
            "description_kind": "plain"
          }
        },
        "ucloud_anti_ddos_rule": {
          "version": 0,
          "block": {
            "attributes": {
              "backup_server": {
                "type": [
                  "map",
                  "string"
                ],
                "description_kind": "plain",
                "optional": true
              },
              "comment": {
                "type": "string",
                "description_kind": "plain",
                "optional": true,
                "computed": true
              },
              "id": {
                "type": "string",
                "description_kind": "plain",
                "optional": true,
                "computed": true
              },
              "instance_id": {
                "type": "string",
                "description_kind": "plain",
                "required": true
              },
              "ip": {
                "type": "string",
                "description_kind": "plain",
                "required": true
              },
              "port": {
                "type": "number",
                "description_kind": "plain",
                "optional": true
              },
              "real_server_detection": {
                "type": "bool",
                "description_kind": "plain",
                "optional": true
              },
              "real_server_type": {
                "type": "string",
                "description_kind": "plain",
                "required": true
              },
              "rule_id": {
                "type": "string",
                "description_kind": "plain",
                "computed": true
              },
              "rule_index": {
                "type": "number",
                "description_kind": "plain",
                "computed": true
              },
              "status": {
                "type": "string",
                "description_kind": "plain",
                "computed": true
              },
              "toa_id": {
                "type": "number",
                "description_kind": "plain",
                "optional": true
              }
            },
            "block_types": {
              "real_servers": {
                "nesting_mode": "list",
                "block": {
                  "attributes": {
                    "address": {
                      "type": "string",
                      "description_kind": "plain",
                      "required": true
                    },
                    "port": {
                      "type": "number",
                      "description_kind": "plain",
                      "optional": true
                    }
                  },
                  "description_kind": "plain"
                },
                "min_items": 1
              }
            },
            "description_kind": "plain"
          }
        },
        "ucloud_db_instance": {
          "version": 0,
          "block": {
            "attributes": {
              "allow_stopping_for_update": {
                "type": "bool",
                "description_kind": "plain",
                "optional": true
              },
              "availability_zone": {
                "type": "string",
                "description_kind": "plain",
                "required": true
              },
              "backup_begin_time": {
                "type": "number",
                "description_kind": "plain",
                "optional": true,
                "computed": true
              },
              "backup_black_list": {
                "type": [
                  "set",
                  "string"
                ],
                "description_kind": "plain",
                "optional": true,
                "computed": true
              },
              "backup_count": {
                "type": "number",
                "description_kind": "plain",
                "optional": true
              },
              "backup_date": {
                "type": "string",
                "description_kind": "plain",
                "optional": true,
                "computed": true
              },
              "charge_type": {
                "type": "string",
                "description_kind": "plain",
                "optional": true,
                "computed": true
              },
              "create_time": {
                "type": "string",
                "description_kind": "plain",
                "computed": true
              },
              "duration": {
                "type": "number",
                "description_kind": "plain",
                "optional": true
              },
              "engine": {
                "type": "string",
                "description_kind": "plain",
                "required": true
              },
              "engine_version": {
                "type": "string",
                "description_kind": "plain",
                "required": true
              },
              "expire_time": {
                "type": "string",
                "description_kind": "plain",
                "computed": true
              },
              "from_backup_id": {
                "type": "number",
                "description_kind": "plain",
                "optional": true
              },
              "id": {
                "type": "string",
                "description_kind": "plain",
                "optional": true,
                "computed": true
              },
              "instance_storage": {
                "type": "number",
                "description_kind": "plain",
                "required": true
              },
              "instance_type": {
                "type": "string",
                "description_kind": "plain",
                "required": true
              },
              "modify_time": {
                "type": "string",
                "description_kind": "plain",
                "computed": true
              },
              "name": {
                "type": "string",
                "description_kind": "plain",
                "optional": true,
                "computed": true
              },
              "parameter_group": {
                "type": "string",
                "description_kind": "plain",
                "optional": true,
                "computed": true
              },
              "password": {
                "type": "string",
                "description_kind": "plain",
                "optional": true,
                "computed": true,
                "sensitive": true
              },
              "port": {
                "type": "number",
                "description_kind": "plain",
                "optional": true,
                "computed": true
              },
              "private_ip": {
                "type": "string",
                "description_kind": "plain",
                "computed": true
              },
              "standby_zone": {
                "type": "string",
                "description_kind": "plain",
                "optional": true
              },
              "status": {
                "type": "string",
                "description_kind": "plain",
                "computed": true
              },
              "subnet_id": {
                "type": "string",
                "description_kind": "plain",
                "optional": true,
                "computed": true
              },
              "tag": {
                "type": "string",
                "description_kind": "plain",
                "optional": true,
                "computed": true
              },
              "vpc_id": {
                "type": "string",
                "description_kind": "plain",
                "optional": true,
                "computed": true
              }
            },
            "block_types": {
              "timeouts": {
                "nesting_mode": "single",
                "block": {
                  "attributes": {
                    "create": {
                      "type": "string",
                      "description_kind": "plain",
                      "optional": true
                    },
                    "delete": {
                      "type": "string",
                      "description_kind": "plain",
                      "optional": true
                    },
                    "update": {
                      "type": "string",
                      "description_kind": "plain",
                      "optional": true
                    }
                  },
                  "description_kind": "plain"
                }
              }
            },
            "description_kind": "plain"
          }
        },
        "ucloud_disk": {
          "version": 0,
          "block": {
            "attributes": {
              "availability_zone": {
                "type": "string",
                "description_kind": "plain",
                "required": true
              },
              "charge_type": {
                "type": "string",
                "description_kind": "plain",
                "optional": true,
                "computed": true
              },
              "create_time": {
                "type": "string",
                "description_kind": "plain",
                "computed": true
              },
              "disk_size": {
                "type": "number",
                "description_kind": "plain",
                "required": true
              },
              "disk_type": {
                "type": "string",
                "description_kind": "plain",
                "optional": true
              },
              "duration": {
                "type": "number",
                "description_kind": "plain",
                "optional": true
              },
              "expire_time": {
                "type": "string",
                "description_kind": "plain",
                "computed": true
              },
              "id": {
                "type": "string",
                "description_kind": "plain",
                "optional": true,
                "computed": true
              },
              "name": {
                "type": "string",
                "description_kind": "plain",
                "optional": true,
                "computed": true
              },
              "rdma_cluster_id": {
                "type": "string",
                "description_kind": "plain",
                "optional": true
              },
              "status": {
                "type": "string",
                "description_kind": "plain",
                "computed": true
              },
              "tag": {
                "type": "string",
                "description_kind": "plain",
                "optional": true
              }
            },
            "description_kind": "plain"
          }
        },
        "ucloud_disk_attachment": {
          "version": 1,
          "block": {
            "attributes": {
              "availability_zone": {
                "type": "string",
                "description_kind": "plain",
                "required": true
              },
              "disk_id": {
                "type": "string",
                "description_kind": "plain",
                "required": true
              },
              "id": {
                "type": "string",
                "description_kind": "plain",
                "optional": true,
                "computed": true
              },
              "instance_id": {
                "type": "string",
                "description_kind": "plain",
                "required": true
              }
            },
            "description_kind": "plain"
          }
        },
        "ucloud_eip": {
          "version": 0,
          "block": {
            "attributes": {
              "bandwidth": {
                "type": "number",
                "description_kind": "plain",
                "optional": true,
                "computed": true
              },
              "charge_mode": {
                "type": "string",
                "description_kind": "plain",
                "optional": true,
                "computed": true
              },
              "charge_type": {
                "type": "string",
                "description_kind": "plain",
                "optional": true,
                "computed": true
              },
              "create_time": {
                "type": "string",
                "description_kind": "plain",
                "computed": true
              },
              "duration": {
                "type": "number",
                "description_kind": "plain",
                "optional": true
              },
              "expire_time": {
                "type": "string",
                "description_kind": "plain",
                "computed": true
              },
              "id": {
                "type": "string",
                "description_kind": "plain",
                "optional": true,
                "computed": true
              },
              "internet_type": {
                "type": "string",
                "description_kind": "plain",
                "required": true
              },
              "ip_set": {
                "type": [
                  "list",
                  [
                    "object",
                    {
                      "internet_type": "string",
                      "ip": "string"
                    }
                  ]
                ],
                "description_kind": "plain",
                "computed": true
              },
              "name": {
                "type": "string",
                "description_kind": "plain",
                "optional": true,
                "computed": true
              },
              "public_ip": {
                "type": "string",
                "description_kind": "plain",
                "computed": true
              },
              "remark": {
                "type": "string",
                "description_kind": "plain",
                "optional": true,
                "computed": true
              },
              "resource": {
                "type": [
                  "map",
                  "string"
                ],
                "description_kind": "plain",
                "computed": true
              },
              "status": {
                "type": "string",
                "description_kind": "plain",
                "computed": true
              },
              "tag": {
                "type": "string",
                "description_kind": "plain",
                "optional": true
              }
            },
            "description_kind": "plain"
          }
        },
        "ucloud_eip_association": {
          "version": 1,
          "block": {
            "attributes": {
              "eip_id": {
                "type": "string",
                "description_kind": "plain",
                "required": true
              },
              "id": {
                "type": "string",
                "description_kind": "plain",
                "optional": true,
                "computed": true
              },
              "resource_id": {
                "type": "string",
                "description_kind": "plain",
                "required": true
              },
              "resource_type": {
                "type": "string",
                "description_kind": "plain",
                "optional": true,
                "computed": true
              }
            },
            "description_kind": "plain"
          }
        },
        "ucloud_instance": {
          "version": 0,
          "block": {
            "attributes": {
              "allow_stopping_for_update": {
                "type": "bool",
                "description_kind": "plain",
                "optional": true
              },
              "auto_renew": {
                "type": "bool",
                "description_kind": "plain",
                "computed": true
              },
              "availability_zone": {
                "type": "string",
                "description_kind": "plain",
                "required": true
              },
              "boot_disk_size": {
                "type": "number",
                "description_kind": "plain",
                "optional": true,
                "computed": true
              },
              "boot_disk_type": {
                "type": "string",
                "description_kind": "plain",
                "optional": true,
                "computed": true
              },
              "charge_type": {
                "type": "string",
                "description_kind": "plain",
                "optional": true,
                "computed": true
              },
              "cpu": {
                "type": "number",
                "description_kind": "plain",
                "computed": true
              },
              "cpu_platform": {
                "type": "string",
                "description_kind": "plain",
                "computed": true
              },
              "create_time": {
                "type": "string",
                "description_kind": "plain",
                "computed": true
              },
              "data_disk_size": {
                "type": "number",
                "description_kind": "plain",
                "optional": true,
                "computed": true
              },
              "data_disk_type": {
                "type": "string",
                "description_kind": "plain",
                "optional": true,
                "computed": true
              },
              "delete_disks_with_instance": {
                "type": "bool",
                "description_kind": "plain",
                "optional": true
              },
              "delete_eips_with_instance": {
                "type": "bool",
                "description_kind": "plain",
                "optional": true
              },
              "disk_set": {
                "type": [
                  "list",
                  [
                    "object",
                    {
                      "id": "string",
                      "is_boot": "bool",
                      "size": "number",
                      "type": "string"
                    }
                  ]
                ],
                "description_kind": "plain",
                "computed": true
              },
              "duration": {
                "type": "number",
                "description_kind": "plain",
                "optional": true
              },
              "expire_time": {
                "type": "string",
                "description_kind": "plain",
                "computed": true
              },
              "id": {
                "type": "string",
                "description_kind": "plain",
                "optional": true,
                "computed": true
              },
              "image_id": {
                "type": "string",
                "description_kind": "plain",
                "required": true
              },
              "instance_type": {
                "type": "string",
                "description_kind": "plain",
                "required": true
              },
              "ip_set": {
                "type": [
                  "list",
                  [
                    "object",
                    {
                      "internet_type": "string",
                      "ip": "string"
                    }
                  ]
                ],
                "description_kind": "plain",
                "computed": true
              },
              "isolation_group": {
                "type": "string",
                "description_kind": "plain",
                "optional": true,
                "computed": true
              },
              "memory": {
                "type": "number",
                "description_kind": "plain",
                "computed": true
              },
              "min_cpu_platform": {
                "type": "string",
                "description_kind": "plain",
                "optional": true
              },
              "name": {
                "type": "string",
                "description_kind": "plain",
                "optional": true,
                "computed": true
              },
              "private_ip": {
                "type": "string",
                "description_kind": "plain",
                "optional": true,
                "computed": true
              },
              "rdma_cluster_id": {
                "type": "string",
                "description_kind": "plain",
                "computed": true
              },
              "remark": {
                "type": "string",
                "description_kind": "plain",
                "optional": true,
                "computed": true
              },
              "root_password": {
                "type": "string",
                "description_kind": "plain",
                "optional": true,
                "computed": true,
                "sensitive": true
              },
              "security_group": {
                "type": "string",
                "description_kind": "plain",
                "optional": true,
                "computed": true
              },
              "status": {
                "type": "string",
                "description_kind": "plain",
                "computed": true
              },
              "subnet_id": {
                "type": "string",
                "description_kind": "plain",
                "optional": true,
                "computed": true
              },
              "tag": {
                "type": "string",
                "description_kind": "plain",
                "optional": true
              },
              "user_data": {
                "type": "string",
                "description_kind": "plain",
                "optional": true
              },
              "vpc_id": {
                "type": "string",
                "description_kind": "plain",
                "optional": true,
                "computed": true
              }
            },
            "block_types": {
              "data_disks": {
                "nesting_mode": "list",
                "block": {
                  "attributes": {
                    "size": {
                      "type": "number",
                      "description_kind": "plain",
                      "required": true
                    },
                    "type": {
                      "type": "string",
                      "description_kind": "plain",
                      "required": true
                    }
                  },
                  "description_kind": "plain"
                },
                "max_items": 1
              },
              "network_interface": {
                "nesting_mode": "list",
                "block": {
                  "attributes": {
                    "eip_bandwidth": {
                      "type": "number",
                      "description_kind": "plain",
                      "required": true
                    },
                    "eip_charge_mode": {
                      "type": "string",
                      "description_kind": "plain",
                      "required": true
                    },
                    "eip_internet_type": {
                      "type": "string",
                      "description_kind": "plain",
                      "required": true
                    }
                  },
                  "description_kind": "plain"
                },
                "max_items": 1
              },
              "timeouts": {
                "nesting_mode": "single",
                "block": {
                  "attributes": {
                    "create": {
                      "type": "string",
                      "description_kind": "plain",
                      "optional": true
                    },
                    "delete": {
                      "type": "string",
                      "description_kind": "plain",
                      "optional": true
                    },
                    "update": {
                      "type": "string",
                      "description_kind": "plain",
                      "optional": true
                    }
                  },
                  "description_kind": "plain"
                }
              }
            },
            "description_kind": "plain"
          }
        },
        "ucloud_isolation_group": {
          "version": 0,
          "block": {
            "attributes": {
              "id": {
                "type": "string",
                "description_kind": "plain",
                "optional": true,
                "computed": true
              },
              "name": {
                "type": "string",
                "description_kind": "plain",
                "optional": true,
                "computed": true
              },
              "remark": {
                "type": "string",
                "description_kind": "plain",
                "optional": true,
                "computed": true
              }
            },
            "description_kind": "plain"
          }
        },
        "ucloud_lb": {
          "version": 0,
          "block": {
            "attributes": {
              "charge_type": {
                "type": "string",
                "description_kind": "plain",
                "optional": true
              },
              "create_time": {
                "type": "string",
                "description_kind": "plain",
                "computed": true
              },
              "expire_time": {
                "type": "string",
                "description_kind": "plain",
                "computed": true
              },
              "id": {
                "type": "string",
                "description_kind": "plain",
                "optional": true,
                "computed": true
              },
              "internal": {
                "type": "bool",
                "description_kind": "plain",
                "optional": true,
                "computed": true
              },
              "ip_set": {
                "type": [
                  "list",
                  [
                    "object",
                    {
                      "internet_type": "string",
                      "ip": "string"
                    }
                  ]
                ],
                "description_kind": "plain",
                "computed": true
              },
              "listen_type": {
                "type": "string",
                "description_kind": "plain",
                "optional": true,
                "computed": true
              },
              "name": {
                "type": "string",
                "description_kind": "plain",
                "optional": true,
                "computed": true
              },
              "private_ip": {
                "type": "string",
                "description_kind": "plain",
                "computed": true
              },
              "remark": {
                "type": "string",
                "description_kind": "plain",
                "optional": true,
                "computed": true
              },
              "security_group": {
                "type": "string",
                "description_kind": "plain",
                "optional": true,
                "computed": true
              },
              "subnet_id": {
                "type": "string",
                "description_kind": "plain",
                "optional": true,
                "computed": true
              },
              "tag": {
                "type": "string",
                "description_kind": "plain",
                "optional": true
              },
              "vpc_id": {
                "type": "string",
                "description_kind": "plain",
                "optional": true,
                "computed": true
              }
            },
            "description_kind": "plain"
          }
        },
        "ucloud_lb_attachment": {
          "version": 0,
          "block": {
            "attributes": {
              "id": {
                "type": "string",
                "description_kind": "plain",
                "optional": true,
                "computed": true
              },
              "listener_id": {
                "type": "string",
                "description_kind": "plain",
                "required": true
              },
              "load_balancer_id": {
                "type": "string",
                "description_kind": "plain",
                "required": true
              },
              "port": {
                "type": "number",
                "description_kind": "plain",
                "optional": true
              },
              "private_ip": {
                "type": "string",
                "description_kind": "plain",
                "computed": true
              },
              "resource_id": {
                "type": "string",
                "description_kind": "plain",
                "required": true
              },
              "resource_type": {
                "type": "string",
                "description_kind": "plain",
                "optional": true,
                "computed": true
              },
              "status": {
                "type": "string",
                "description_kind": "plain",
                "computed": true
              }
            },
            "description_kind": "plain"
          }
        },
        "ucloud_lb_listener": {
          "version": 0,
          "block": {
            "attributes": {
              "domain": {
                "type": "string",
                "description_kind": "plain",
                "optional": true,
                "computed": true
              },
              "health_check_type": {
                "type": "string",
                "description_kind": "plain",
                "optional": true,
                "computed": true
              },
              "id": {
                "type": "string",
                "description_kind": "plain",
                "optional": true,
                "computed": true
              },
              "idle_timeout": {
                "type": "number",
                "description_kind": "plain",
                "optional": true,
                "computed": true
              },
              "listen_type": {
                "type": "string",
                "description_kind": "plain",
                "optional": true,
                "computed": true
              },
              "load_balancer_id": {
                "type": "string",
                "description_kind": "plain",
                "required": true
              },
              "method": {
                "type": "string",
                "description_kind": "plain",
                "optional": true
              },
              "name": {
                "type": "string",
                "description_kind": "plain",
                "optional": true,
                "computed": true
              },
              "path": {
                "type": "string",
                "description_kind": "plain",
                "optional": true,
                "computed": true
              },
              "persistence": {
                "type": "string",
                "description_kind": "plain",
                "optional": true,
                "computed": true
              },
              "persistence_type": {
                "type": "string",
                "description_kind": "plain",
                "optional": true
              },
              "port": {
                "type": "number",
                "description_kind": "plain",
                "optional": true,
                "computed": true
              },
              "protocol": {
                "type": "string",
                "description_kind": "plain",
                "required": true
              },
              "status": {
                "type": "string",
                "description_kind": "plain",
                "computed": true
              }
            },
            "description_kind": "plain"
          }
        },
        "ucloud_lb_rule": {
          "version": 0,
          "block": {
            "attributes": {
              "backend_ids": {
                "type": [
                  "set",
                  "string"
                ],
                "description_kind": "plain",
                "required": true
              },
              "domain": {
                "type": "string",
                "description_kind": "plain",
                "optional": true
              },
              "id": {
                "type": "string",
                "description_kind": "plain",
                "optional": true,
                "computed": true
              },
              "listener_id": {
                "type": "string",
                "description_kind": "plain",
                "required": true
              },
              "load_balancer_id": {
                "type": "string",
                "description_kind": "plain",
                "required": true
              },
              "path": {
                "type": "string",
                "description_kind": "plain",
                "optional": true
              }
            },
            "description_kind": "plain"
          }
        },
        "ucloud_lb_ssl": {
          "version": 0,
          "block": {
            "attributes": {
              "ca_cert": {
                "type": "string",
                "description_kind": "plain",
                "optional": true
              },
              "create_time": {
                "type": "string",
                "description_kind": "plain",
                "computed": true
              },
              "id": {
                "type": "string",
                "description_kind": "plain",
                "optional": true,
                "computed": true
              },
              "name": {
                "type": "string",
                "description_kind": "plain",
                "optional": true,
                "computed": true
              },
              "private_key": {
                "type": "string",
                "description_kind": "plain",
                "required": true
              },
              "user_cert": {
                "type": "string",
                "description_kind": "plain",
                "required": true
              }
            },
            "description_kind": "plain"
          }
        },
        "ucloud_lb_ssl_attachment": {
          "version": 0,
          "block": {
            "attributes": {
              "id": {
                "type": "string",
                "description_kind": "plain",
                "optional": true,
                "computed": true
              },
              "listener_id": {
                "type": "string",
                "description_kind": "plain",
                "required": true
              },
              "load_balancer_id": {
                "type": "string",
                "description_kind": "plain",
                "required": true
              },
              "ssl_id": {
                "type": "string",
                "description_kind": "plain",
                "required": true
              }
            },
            "description_kind": "plain"
          }
        },
        "ucloud_memcache_instance": {
          "version": 0,
          "block": {
            "attributes": {
              "availability_zone": {
                "type": "string",
                "description_kind": "plain",
                "required": true
              },
              "charge_type": {
                "type": "string",
                "description_kind": "plain",
                "optional": true,
                "computed": true
              },
              "create_time": {
                "type": "string",
                "description_kind": "plain",
                "computed": true
              },
              "duration": {
                "type": "number",
                "description_kind": "plain",
                "optional": true
              },
              "expire_time": {
                "type": "string",
                "description_kind": "plain",
                "computed": true
              },
              "id": {
                "type": "string",
                "description_kind": "plain",
                "optional": true,
                "computed": true
              },
              "instance_type": {
                "type": "string",
                "description_kind": "plain",
                "required": true
              },
              "ip_set": {
                "type": [
                  "list",
                  [
                    "object",
                    {
                      "ip": "string",
                      "port": "number"
                    }
                  ]
                ],
                "description_kind": "plain",
                "computed": true
              },
              "name": {
                "type": "string",
                "description_kind": "plain",
                "optional": true,
                "computed": true
              },
              "status": {
                "type": "string",
                "description_kind": "plain",
                "computed": true
              },
              "subnet_id": {
                "type": "string",
                "description_kind": "plain",
                "optional": true,
                "computed": true
              },
              "tag": {
                "type": "string",
                "description_kind": "plain",
                "optional": true,
                "computed": true
              },
              "vpc_id": {
                "type": "string",
                "description_kind": "plain",
                "optional": true,
                "computed": true
              }
            },
            "description_kind": "plain"
          }
        },
        "ucloud_nat_gateway": {
          "version": 0,
          "block": {
            "attributes": {
              "create_time": {
                "type": "string",
                "description_kind": "plain",
                "computed": true
              },
              "eip_id": {
                "type": "string",
                "description_kind": "plain",
                "required": true
              },
              "enable_white_list": {
                "type": "bool",
                "description_kind": "plain",
                "required": true
              },
              "id": {
                "type": "string",
                "description_kind": "plain",
                "optional": true,
                "computed": true
              },
              "name": {
                "type": "string",
                "description_kind": "plain",
                "optional": true
              },
              "remark": {
                "type": "string",
                "description_kind": "plain",
                "optional": true,
                "computed": true
              },
              "security_group": {
                "type": "string",
                "description_kind": "plain",
                "required": true
              },
              "subnet_ids": {
                "type": [
                  "set",
                  "string"
                ],
                "description_kind": "plain",
                "required": true
              },
              "tag": {
                "type": "string",
                "description_kind": "plain",
                "optional": true
              },
              "vpc_id": {
                "type": "string",
                "description_kind": "plain",
                "required": true
              },
              "white_list": {
                "type": [
                  "set",
                  "string"
                ],
                "description_kind": "plain",
                "optional": true
              }
            },
            "description_kind": "plain"
          }
        },
        "ucloud_nat_gateway_rule": {
          "version": 0,
          "block": {
            "attributes": {
              "dst_ip": {
                "type": "string",
                "description_kind": "plain",
                "required": true
              },
              "dst_port_range": {
                "type": "string",
                "description_kind": "plain",
                "required": true
              },
              "id": {
                "type": "string",
                "description_kind": "plain",
                "optional": true,
                "computed": true
              },
              "name": {
                "type": "string",
                "description_kind": "plain",
                "optional": true,
                "computed": true
              },
              "nat_gateway_id": {
                "type": "string",
                "description_kind": "plain",
                "required": true
              },
              "protocol": {
                "type": "string",
                "description_kind": "plain",
                "required": true
              },
              "src_eip_id": {
                "type": "string",
                "description_kind": "plain",
                "required": true
              },
              "src_port_range": {
                "type": "string",
                "description_kind": "plain",
                "required": true
              }
            },
            "description_kind": "plain"
          }
        },
        "ucloud_redis_instance": {
          "version": 0,
          "block": {
            "attributes": {
              "auto_backup": {
                "type": "string",
                "description_kind": "plain",
                "optional": true,
                "computed": true
              },
              "availability_zone": {
                "type": "string",
                "description_kind": "plain",
                "required": true
              },
              "backup_begin_time": {
                "type": "number",
                "description_kind": "plain",
                "optional": true,
                "computed": true
              },
              "charge_type": {
                "type": "string",
                "description_kind": "plain",
                "optional": true,
                "computed": true
              },
              "create_time": {
                "type": "string",
                "description_kind": "plain",
                "computed": true
              },
              "duration": {
                "type": "number",
                "description_kind": "plain",
                "optional": true
              },
              "engine_version": {
                "type": "string",
                "description_kind": "plain",
                "optional": true,
                "computed": true
              },
              "expire_time": {
                "type": "string",
                "description_kind": "plain",
                "computed": true
              },
              "id": {
                "type": "string",
                "description_kind": "plain",
                "optional": true,
                "computed": true
              },
              "instance_type": {
                "type": "string",
                "description_kind": "plain",
                "required": true
              },
              "ip_set": {
                "type": [
                  "list",
                  [
                    "object",
                    {
                      "ip": "string",
                      "port": "number"
                    }
                  ]
                ],
                "description_kind": "plain",
                "computed": true
              },
              "name": {
                "type": "string",
                "description_kind": "plain",
                "optional": true,
                "computed": true
              },
              "password": {
                "type": "string",
                "description_kind": "plain",
                "optional": true,
                "sensitive": true
              },
              "standby_zone": {
                "type": "string",
                "description_kind": "plain",
                "optional": true
              },
              "status": {
                "type": "string",
                "description_kind": "plain",
                "computed": true
              },
              "subnet_id": {
                "type": "string",
                "description_kind": "plain",
                "optional": true,
                "computed": true
              },
              "tag": {
                "type": "string",
                "description_kind": "plain",
                "optional": true,
                "computed": true
              },
              "vpc_id": {
                "type": "string",
                "description_kind": "plain",
                "optional": true,
                "computed": true
              }
            },
            "description_kind": "plain"
          }
        },
        "ucloud_security_group": {
          "version": 0,
          "block": {
            "attributes": {
              "create_time": {
                "type": "string",
                "description_kind": "plain",
                "computed": true
              },
              "id": {
                "type": "string",
                "description_kind": "plain",
                "optional": true,
                "computed": true
              },
              "name": {
                "type": "string",
                "description_kind": "plain",
                "optional": true,
                "computed": true
              },
              "remark": {
                "type": "string",
                "description_kind": "plain",
                "optional": true,
                "computed": true
              },
              "tag": {
                "type": "string",
                "description_kind": "plain",
                "optional": true
              }
            },
            "block_types": {
              "rules": {
                "nesting_mode": "set",
                "block": {
                  "attributes": {
                    "cidr_block": {
                      "type": "string",
                      "description_kind": "plain",
                      "optional": true
                    },
                    "policy": {
                      "type": "string",
                      "description_kind": "plain",
                      "optional": true
                    },
                    "port_range": {
                      "type": "string",
                      "description_kind": "plain",
                      "optional": true
                    },
                    "priority": {
                      "type": "string",
                      "description_kind": "plain",
                      "optional": true
                    },
                    "protocol": {
                      "type": "string",
                      "description_kind": "plain",
                      "optional": true
                    }
                  },
                  "description_kind": "plain"
                },
                "min_items": 1
              }
            },
            "description_kind": "plain"
          }
        },
        "ucloud_subnet": {
          "version": 0,
          "block": {
            "attributes": {
              "cidr_block": {
                "type": "string",
                "description_kind": "plain",
                "required": true
              },
              "create_time": {
                "type": "string",
                "description_kind": "plain",
                "computed": true
              },
              "id": {
                "type": "string",
                "description_kind": "plain",
                "optional": true,
                "computed": true
              },
              "name": {
                "type": "string",
                "description_kind": "plain",
                "optional": true,
                "computed": true
              },
              "remark": {
                "type": "string",
                "description_kind": "plain",
                "optional": true,
                "computed": true
              },
              "tag": {
                "type": "string",
                "description_kind": "plain",
                "optional": true
              },
              "vpc_id": {
                "type": "string",
                "description_kind": "plain",
                "required": true
              }
            },
            "description_kind": "plain"
          }
        },
        "ucloud_udpn_connection": {
          "version": 0,
          "block": {
            "attributes": {
              "bandwidth": {
                "type": "number",
                "description_kind": "plain",
                "optional": true
              },
              "charge_type": {
                "type": "string",
                "description_kind": "plain",
                "optional": true
              },
              "create_time": {
                "type": "string",
                "description_kind": "plain",
                "computed": true
              },
              "duration": {
                "type": "number",
                "description_kind": "plain",
                "optional": true
              },
              "expire_time": {
                "type": "string",
                "description_kind": "plain",
                "computed": true
              },
              "id": {
                "type": "string",
                "description_kind": "plain",
                "optional": true,
                "computed": true
              },
              "peer_region": {
                "type": "string",
                "description_kind": "plain",
                "required": true
              }
            },
            "description_kind": "plain"
          }
        },
        "ucloud_ufs_volume": {
          "version": 0,
          "block": {
            "attributes": {
              "charge_type": {
                "type": "string",
                "description_kind": "plain",
                "optional": true,
                "computed": true
              },
              "create_time": {
                "type": "string",
                "description_kind": "plain",
                "computed": true
              },
              "duration": {
                "type": "number",
                "description_kind": "plain",
                "optional": true
              },
              "expire_time": {
                "type": "string",
                "description_kind": "plain",
                "computed": true
              },
              "id": {
                "type": "string",
                "description_kind": "plain",
                "optional": true,
                "computed": true
              },
              "name": {
                "type": "string",
                "description_kind": "plain",
                "optional": true,
                "computed": true
              },
              "protocol_type": {
                "type": "string",
                "description_kind": "plain",
                "required": true
              },
              "remark": {
                "type": "string",
                "description_kind": "plain",
                "optional": true,
                "computed": true
              },
              "size": {
                "type": "number",
                "description_kind": "plain",
                "required": true
              },
              "storage_type": {
                "type": "string",
                "description_kind": "plain",
                "required": true
              },
              "tag": {
                "type": "string",
                "description_kind": "plain",
                "optional": true
              }
            },
            "description_kind": "plain"
          }
        },
        "ucloud_ufs_volume_mount_point": {
          "version": 0,
          "block": {
            "attributes": {
              "create_time": {
                "type": "string",
                "description_kind": "plain",
                "computed": true
              },
              "id": {
                "type": "string",
                "description_kind": "plain",
                "optional": true,
                "computed": true
              },
              "mount_point_ip": {
                "type": "string",
                "description_kind": "plain",
                "computed": true
              },
              "name": {
                "type": "string",
                "description_kind": "plain",
                "required": true
              },
              "subnet_id": {
                "type": "string",
                "description_kind": "plain",
                "required": true
              },
              "volume_id": {
                "type": "string",
                "description_kind": "plain",
                "required": true
              },
              "vpc_id": {
                "type": "string",
                "description_kind": "plain",
                "required": true
              }
            },
            "description_kind": "plain"
          }
        },
        "ucloud_uk8s_cluster": {
          "version": 0,
          "block": {
            "attributes": {
              "api_server": {
                "type": "string",
                "description_kind": "plain",
                "computed": true
              },
              "charge_type": {
                "type": "string",
                "description_kind": "plain",
                "optional": true,
                "computed": true
              },
              "create_time": {
                "type": "string",
                "description_kind": "plain",
                "computed": true
              },
              "delete_disks_with_instance": {
                "type": "bool",
                "description_kind": "plain",
                "optional": true
              },
              "duration": {
                "type": "number",
                "description_kind": "plain",
                "optional": true
              },
              "enable_external_api_server": {
                "type": "bool",
                "description_kind": "plain",
                "optional": true
              },
              "external_api_server": {
                "type": "string",
                "description_kind": "plain",
                "computed": true
              },
              "id": {
                "type": "string",
                "description_kind": "plain",
                "optional": true,
                "computed": true
              },
              "image_id": {
                "type": "string",
                "description_kind": "plain",
                "optional": true
              },
              "init_script": {
                "type": "string",
                "description_kind": "plain",
                "optional": true
              },
              "k8s_version": {
                "type": "string",
                "description_kind": "plain",
                "optional": true,
                "computed": true
              },
              "name": {
                "type": "string",
                "description_kind": "plain",
                "optional": true,
                "computed": true
              },
              "password": {
                "type": "string",
                "description_kind": "plain",
                "required": true,
                "sensitive": true
              },
              "pod_cidr": {
                "type": "string",
                "description_kind": "plain",
                "computed": true
              },
              "service_cidr": {
                "type": "string",
                "description_kind": "plain",
                "required": true
              },
              "status": {
                "type": "string",
                "description_kind": "plain",
                "computed": true
              },
              "subnet_id": {
                "type": "string",
                "description_kind": "plain",
                "required": true
              },
              "user_data": {
                "type": "string",
                "description_kind": "plain",
                "optional": true
              },
              "vpc_id": {
                "type": "string",
                "description_kind": "plain",
                "required": true
              }
            },
            "block_types": {
              "kube_proxy": {
                "nesting_mode": "list",
                "block": {
                  "attributes": {
                    "mode": {
                      "type": "string",
                      "description_kind": "plain",
                      "optional": true
                    }
                  },
                  "description_kind": "plain"
                },
                "max_items": 1
              },
              "master": {
                "nesting_mode": "list",
                "block": {
                  "attributes": {
                    "availability_zones": {
                      "type": [
                        "list",
                        "string"
                      ],
                      "description_kind": "plain",
                      "required": true
                    },
                    "boot_disk_type": {
                      "type": "string",
                      "description_kind": "plain",
                      "optional": true,
                      "computed": true
                    },
                    "data_disk_size": {
                      "type": "number",
                      "description_kind": "plain",
                      "optional": true,
                      "computed": true
                    },
                    "data_disk_type": {
                      "type": "string",
                      "description_kind": "plain",
                      "optional": true,
                      "computed": true
                    },
                    "instance_type": {
                      "type": "string",
                      "description_kind": "plain",
                      "required": true
                    },
                    "min_cpu_platform": {
                      "type": "string",
                      "description_kind": "plain",
                      "optional": true
                    }
                  },
                  "description_kind": "plain"
                },
                "min_items": 1,
                "max_items": 1
              },
              "timeouts": {
                "nesting_mode": "single",
                "block": {
                  "attributes": {
                    "create": {
                      "type": "string",
                      "description_kind": "plain",
                      "optional": true
                    },
                    "delete": {
                      "type": "string",
                      "description_kind": "plain",
                      "optional": true
                    },
                    "update": {
                      "type": "string",
                      "description_kind": "plain",
                      "optional": true
                    }
                  },
                  "description_kind": "plain"
                }
              }
            },
            "description_kind": "plain"
          }
        },
        "ucloud_uk8s_node": {
          "version": 0,
          "block": {
            "attributes": {
              "availability_zone": {
                "type": "string",
                "description_kind": "plain",
                "required": true
              },
              "boot_disk_type": {
                "type": "string",
                "description_kind": "plain",
                "optional": true,
                "computed": true
              },
              "charge_type": {
                "type": "string",
                "description_kind": "plain",
                "optional": true,
                "computed": true
              },
              "cluster_id": {
                "type": "string",
                "description_kind": "plain",
                "required": true
              },
              "create_time": {
                "type": "string",
                "description_kind": "plain",
                "computed": true
              },
              "data_disk_size": {
                "type": "number",
                "description_kind": "plain",
                "optional": true,
                "computed": true
              },
              "data_disk_type": {
                "type": "string",
                "description_kind": "plain",
                "optional": true,
                "computed": true
              },
              "delete_disks_with_instance": {
                "type": "bool",
                "description_kind": "plain",
                "optional": true
              },
              "disable_schedule_on_create": {
                "type": "bool",
                "description_kind": "plain",
                "optional": true
              },
              "duration": {
                "type": "number",
                "description_kind": "plain",
                "optional": true
              },
              "expire_time": {
                "type": "string",
                "description_kind": "plain",
                "computed": true
              },
              "id": {
                "type": "string",
                "description_kind": "plain",
                "optional": true,
                "computed": true
              },
              "image_id": {
                "type": "string",
                "description_kind": "plain",
                "optional": true
              },
              "init_script": {
                "type": "string",
                "description_kind": "plain",
                "optional": true
              },
              "instance_type": {
                "type": "string",
                "description_kind": "plain",
                "required": true
              },
              "ip_set": {
                "type": [
                  "list",
                  [
                    "object",
                    {
                      "internet_type": "string",
                      "ip": "string"
                    }
                  ]
                ],
                "description_kind": "plain",
                "computed": true
              },
              "isolation_group": {
                "type": "string",
                "description_kind": "plain",
                "optional": true,
                "computed": true
              },
              "min_cpu_platform": {
                "type": "string",
                "description_kind": "plain",
                "optional": true
              },
              "password": {
                "type": "string",
                "description_kind": "plain",
                "required": true,
                "sensitive": true
              },
              "status": {
                "type": "string",
                "description_kind": "plain",
                "computed": true
              },
              "subnet_id": {
                "type": "string",
                "description_kind": "plain",
                "optional": true,
                "computed": true
              },
              "user_data": {
                "type": "string",
                "description_kind": "plain",
                "optional": true
              }
            },
            "block_types": {
              "timeouts": {
                "nesting_mode": "single",
                "block": {
                  "attributes": {
                    "create": {
                      "type": "string",
                      "description_kind": "plain",
                      "optional": true
                    },
                    "delete": {
                      "type": "string",
                      "description_kind": "plain",
                      "optional": true
                    },
                    "update": {
                      "type": "string",
                      "description_kind": "plain",
                      "optional": true
                    }
                  },
                  "description_kind": "plain"
                }
              }
            },
            "description_kind": "plain"
          }
        },
        "ucloud_us3_bucket": {
          "version": 0,
          "block": {
            "attributes": {
              "create_time": {
                "type": "string",
                "description_kind": "plain",
                "computed": true
              },
              "id": {
                "type": "string",
                "description_kind": "plain",
                "optional": true,
                "computed": true
              },
              "name": {
                "type": "string",
                "description_kind": "plain",
                "required": true
              },
              "source_domain_names": {
                "type": [
                  "list",
                  "string"
                ],
                "description_kind": "plain",
                "computed": true
              },
              "tag": {
                "type": "string",
                "description_kind": "plain",
                "optional": true
              },
              "type": {
                "type": "string",
                "description_kind": "plain",
                "required": true
              }
            },
            "description_kind": "plain"
          }
        },
        "ucloud_vip": {
          "version": 0,
          "block": {
            "attributes": {
              "create_time": {
                "type": "string",
                "description_kind": "plain",
                "computed": true
              },
              "id": {
                "type": "string",
                "description_kind": "plain",
                "optional": true,
                "computed": true
              },
              "ip_address": {
                "type": "string",
                "description_kind": "plain",
                "computed": true
              },
              "name": {
                "type": "string",
                "description_kind": "plain",
                "optional": true,
                "computed": true
              },
              "remark": {
                "type": "string",
                "description_kind": "plain",
                "optional": true,
                "computed": true
              },
              "subnet_id": {
                "type": "string",
                "description_kind": "plain",
                "required": true
              },
              "tag": {
                "type": "string",
                "description_kind": "plain",
                "optional": true
              },
              "vpc_id": {
                "type": "string",
                "description_kind": "plain",
                "required": true
              }
            },
            "description_kind": "plain"
          }
        },
        "ucloud_vpc": {
          "version": 0,
          "block": {
            "attributes": {
              "cidr_blocks": {
                "type": [
                  "set",
                  "string"
                ],
                "description_kind": "plain",
                "required": true
              },
              "create_time": {
                "type": "string",
                "description_kind": "plain",
                "computed": true
              },
              "id": {
                "type": "string",
                "description_kind": "plain",
                "optional": true,
                "computed": true
              },
              "name": {
                "type": "string",
                "description_kind": "plain",
                "optional": true,
                "computed": true
              },
              "network_info": {
                "type": [
                  "list",
                  [
                    "object",
                    {
                      "cidr_block": "string"
                    }
                  ]
                ],
                "description_kind": "plain",
                "computed": true
              },
              "remark": {
                "type": "string",
                "description_kind": "plain",
                "optional": true,
                "computed": true
              },
              "tag": {
                "type": "string",
                "description_kind": "plain",
                "optional": true
              },
              "update_time": {
                "type": "string",
                "description_kind": "plain",
                "computed": true
              }
            },
            "description_kind": "plain"
          }
        },
        "ucloud_vpc_peering_connection": {
          "version": 0,
          "block": {
            "attributes": {
              "id": {
                "type": "string",
                "description_kind": "plain",
                "optional": true,
                "computed": true
              },
              "peer_project_id": {
                "type": "string",
                "description_kind": "plain",
                "optional": true,
                "computed": true
              },
              "peer_region": {
                "type": "string",
                "description_kind": "plain",
                "optional": true,
                "computed": true
              },
              "peer_vpc_id": {
                "type": "string",
                "description_kind": "plain",
                "required": true
              },
              "vpc_id": {
                "type": "string",
                "description_kind": "plain",
                "required": true
              }
            },
            "description_kind": "plain"
          }
        },
        "ucloud_vpn_connection": {
          "version": 0,
          "block": {
            "attributes": {
              "create_time": {
                "type": "string",
                "description_kind": "plain",
                "computed": true
              },
              "customer_gateway_id": {
                "type": "string",
                "description_kind": "plain",
                "required": true
              },
              "id": {
                "type": "string",
                "description_kind": "plain",
                "optional": true,
                "computed": true
              },
              "name": {
                "type": "string",
                "description_kind": "plain",
                "optional": true
              },
              "remark": {
                "type": "string",
                "description_kind": "plain",
                "optional": true,
                "computed": true
              },
              "tag": {
                "type": "string",
                "description_kind": "plain",
                "optional": true
              },
              "vpc_id": {
                "type": "string",
                "description_kind": "plain",
                "required": true
              },
              "vpn_gateway_id": {
                "type": "string",
                "description_kind": "plain",
                "required": true
              }
            },
            "block_types": {
              "ike_config": {
                "nesting_mode": "list",
                "block": {
                  "attributes": {
                    "authentication_algorithm": {
                      "type": "string",
                      "description_kind": "plain",
                      "optional": true
                    },
                    "dh_group": {
                      "type": "string",
                      "description_kind": "plain",
                      "optional": true
                    },
                    "encryption_algorithm": {
                      "type": "string",
                      "description_kind": "plain",
                      "optional": true
                    },
                    "exchange_mode": {
                      "type": "string",
                      "description_kind": "plain",
                      "optional": true
                    },
                    "ike_version": {
                      "type": "string",
                      "description_kind": "plain",
                      "optional": true
                    },
                    "local_id": {
                      "type": "string",
                      "description_kind": "plain",
                      "optional": true,
                      "computed": true
                    },
                    "pre_shared_key": {
                      "type": "string",
                      "description_kind": "plain",
                      "required": true
                    },
                    "remote_id": {
                      "type": "string",
                      "description_kind": "plain",
                      "optional": true,
                      "computed": true
                    },
                    "sa_life_time": {
                      "type": "number",
                      "description_kind": "plain",
                      "optional": true
                    }
                  },
                  "description_kind": "plain"
                },
                "min_items": 1,
                "max_items": 1
              },
              "ipsec_config": {
                "nesting_mode": "list",
                "block": {
                  "attributes": {
                    "authentication_algorithm": {
                      "type": "string",
                      "description_kind": "plain",
                      "optional": true
                    },
                    "encryption_algorithm": {
                      "type": "string",
                      "description_kind": "plain",
                      "optional": true
                    },
                    "local_subnet_ids": {
                      "type": [
                        "set",
                        "string"
                      ],
                      "description_kind": "plain",
                      "required": true
                    },
                    "pfs_dh_group": {
                      "type": "string",
                      "description_kind": "plain",
                      "optional": true
                    },
                    "protocol": {
                      "type": "string",
                      "description_kind": "plain",
                      "optional": true
                    },
                    "remote_subnets": {
                      "type": [
                        "set",
                        "string"
                      ],
                      "description_kind": "plain",
                      "required": true
                    },
                    "sa_life_time": {
                      "type": "number",
                      "description_kind": "plain",
                      "optional": true
                    },
                    "sa_life_time_bytes": {
                      "type": "number",
                      "description_kind": "plain",
                      "optional": true,
                      "computed": true
                    }
                  },
                  "description_kind": "plain"
                },
                "min_items": 1,
                "max_items": 1
              }
            },
            "description_kind": "plain"
          }
        },
        "ucloud_vpn_customer_gateway": {
          "version": 0,
          "block": {
            "attributes": {
              "create_time": {
                "type": "string",
                "description_kind": "plain",
                "computed": true
              },
              "id": {
                "type": "string",
                "description_kind": "plain",
                "optional": true,
                "computed": true
              },
              "ip_address": {
                "type": "string",
                "description_kind": "plain",
                "required": true
              },
              "name": {
                "type": "string",
                "description_kind": "plain",
                "optional": true,
                "computed": true
              },
              "remark": {
                "type": "string",
                "description_kind": "plain",
                "optional": true,
                "computed": true
              },
              "tag": {
                "type": "string",
                "description_kind": "plain",
                "optional": true
              }
            },
            "description_kind": "plain"
          }
        },
        "ucloud_vpn_gateway": {
          "version": 0,
          "block": {
            "attributes": {
              "charge_type": {
                "type": "string",
                "description_kind": "plain",
                "optional": true,
                "computed": true
              },
              "create_time": {
                "type": "string",
                "description_kind": "plain",
                "computed": true
              },
              "duration": {
                "type": "number",
                "description_kind": "plain",
                "optional": true
              },
              "eip_id": {
                "type": "string",
                "description_kind": "plain",
                "required": true
              },
              "expire_time": {
                "type": "string",
                "description_kind": "plain",
                "computed": true
              },
              "grade": {
                "type": "string",
                "description_kind": "plain",
                "required": true
              },
              "id": {
                "type": "string",
                "description_kind": "plain",
                "optional": true,
                "computed": true
              },
              "name": {
                "type": "string",
                "description_kind": "plain",
                "optional": true,
                "computed": true
              },
              "remark": {
                "type": "string",
                "description_kind": "plain",
                "optional": true,
                "computed": true
              },
              "tag": {
                "type": "string",
                "description_kind": "plain",
                "optional": true
              },
              "vpc_id": {
                "type": "string",
                "description_kind": "plain",
                "required": true
              }
            },
            "description_kind": "plain"
          }
        }
      },
      "data_source_schemas": {
        "ucloud_anti_ddos_instances": {
          "version": 0,
          "block": {
            "attributes": {
              "id": {
                "type": "string",
                "description_kind": "plain",
                "optional": true,
                "computed": true
              },
              "ids": {
                "type": [
                  "set",
                  "string"
                ],
                "description_kind": "plain",
                "optional": true,
                "computed": true
              },
              "instances": {
                "type": [
                  "list",
                  [
                    "object",
                    {
                      "area": "string",
                      "bandwidth": "number",
                      "base_defence_value": "number",
                      "charge_type": "string",
                      "create_time": "string",
                      "data_center": "string",
                      "expire_time": "string",
                      "id": "string",
                      "max_defence_value": "number",
                      "name": "string",
                      "status": "string"
                    }
                  ]
                ],
                "description_kind": "plain",
                "computed": true
              },
              "name_regex": {
                "type": "string",
                "description_kind": "plain",
                "optional": true
              },
              "output_file": {
                "type": "string",
                "description_kind": "plain",
                "optional": true
              },
              "total_count": {
                "type": "number",
                "description_kind": "plain",
                "computed": true
              }
            },
            "description_kind": "plain"
          }
        },
        "ucloud_anti_ddos_ips": {
          "version": 0,
          "block": {
            "attributes": {
              "id": {
                "type": "string",
                "description_kind": "plain",
                "optional": true,
                "computed": true
              },
              "instance_id": {
                "type": "string",
                "description_kind": "plain",
                "required": true
              },
              "ips": {
                "type": [
                  "list",
                  [
                    "object",
                    {
                      "comment": "string",
                      "domain": "string",
                      "instance_id": "string",
                      "ip": "string",
                      "proxy_ips": [
                        "list",
                        "string"
                      ],
                      "status": "string"
                    }
                  ]
                ],
                "description_kind": "plain",
                "computed": true
              },
              "output_file": {
                "type": "string",
                "description_kind": "plain",
                "optional": true
              },
              "total_count": {
                "type": "number",
                "description_kind": "plain",
                "computed": true
              }
            },
            "description_kind": "plain"
          }
        },
        "ucloud_db_backups": {
          "version": 0,
          "block": {
            "attributes": {
              "availability_zone": {
                "type": "string",
                "description_kind": "plain",
                "optional": true
              },
              "db_backups": {
                "type": [
                  "list",
                  [
                    "object",
                    {
                      "backup_end_time": "string",
                      "backup_id": "number",
                      "backup_name": "string",
                      "backup_size": "number",
                      "backup_time": "string",
                      "backup_type": "number",
                      "backup_zone": "string",
                      "db_id": "string",
                      "db_name": "string",
                      "state": "string",
                      "zone": "string"
                    }
                  ]
                ],
                "description_kind": "plain",
                "computed": true
              },
              "id": {
                "type": "string",
                "description_kind": "plain",
                "optional": true,
                "computed": true
              },
              "name_regex": {
                "type": "string",
                "description_kind": "plain",
                "optional": true
              },
              "output_file": {
                "type": "string",
                "description_kind": "plain",
                "optional": true
              },
              "project_id": {
                "type": "string",
                "description_kind": "plain",
                "optional": true
              },
              "total_count": {
                "type": "number",
                "description_kind": "plain",
                "computed": true
              }
            },
            "description_kind": "plain"
          }
        },
        "ucloud_db_instances": {
          "version": 0,
          "block": {
            "attributes": {
              "availability_zone": {
                "type": "string",
                "description_kind": "plain",
                "optional": true
              },
              "db_instances": {
                "type": [
                  "list",
                  [
                    "object",
                    {
                      "availability_zone": "string",
                      "backup_begin_time": "number",
                      "backup_black_list": [
                        "list",
                        "string"
                      ],
                      "backup_count": "number",
                      "backup_date": "string",
                      "charge_type": "string",
                      "create_time": "string",
                      "engine": "string",
                      "engine_version": "string",
                      "expire_time": "string",
                      "id": "string",
                      "instance_storage": "number",
                      "instance_type": "string",
                      "modify_time": "string",
                      "name": "string",
                      "port": "number",
                      "private_ip": "string",
                      "standby_zone": "string",
                      "status": "string",
                      "subnet_id": "string",
                      "tag": "string",
                      "vpc_id": "string"
                    }
                  ]
                ],
                "description_kind": "plain",
                "computed": true
              },
              "id": {
                "type": "string",
                "description_kind": "plain",
                "optional": true,
                "computed": true
              },
              "ids": {
                "type": [
                  "set",
                  "string"
                ],
                "description_kind": "plain",
                "optional": true,
                "computed": true
              },
              "name_regex": {
                "type": "string",
                "description_kind": "plain",
                "optional": true
              },
              "output_file": {
                "type": "string",
                "description_kind": "plain",
                "optional": true
              },
              "total_count": {
                "type": "number",
                "description_kind": "plain",
                "computed": true
              }
            },
            "description_kind": "plain"
          }
        },
        "ucloud_db_parameter_groups": {
          "version": 0,
          "block": {
            "attributes": {
              "availability_zone": {
                "type": "string",
                "description_kind": "plain",
                "optional": true
              },
              "class_type": {
                "type": "string",
                "description_kind": "plain",
                "optional": true
              },
              "id": {
                "type": "string",
                "description_kind": "plain",
                "optional": true,
                "computed": true
              },
              "multi_az": {
                "type": "bool",
                "description_kind": "plain",
                "optional": true
              },
              "name_regex": {
                "type": "string",
                "description_kind": "plain",
                "optional": true
              },
              "output_file": {
                "type": "string",
                "description_kind": "plain",
                "optional": true
              },
              "parameter_groups": {
                "type": [
                  "list",
                  [
                    "object",
                    {
                      "availability_zone": "string",
                      "engine": "string",
                      "engine_version": "string",
                      "id": "string",
                      "is_default": "bool",
                      "name": "string"
                    }
                  ]
                ],
                "description_kind": "plain",
                "computed": true
              },
              "total_count": {
                "type": "number",
                "description_kind": "plain",
                "computed": true
              }
            },
            "description_kind": "plain"
          }
        },
        "ucloud_disks": {
          "version": 0,
          "block": {
            "attributes": {
              "availability_zone": {
                "type": "string",
                "description_kind": "plain",
                "optional": true
              },
              "disk_type": {
                "type": "string",
                "description_kind": "plain",
                "optional": true
              },
              "disks": {
                "type": [
                  "list",
                  [
                    "object",
                    {
                      "availability_zone": "string",
                      "charge_type": "string",
                      "create_time": "string",
                      "disk_size": "number",
                      "disk_type": "string",
                      "expire_time": "string",
                      "id": "string",
                      "name": "string",
                      "status": "string",
                      "tag": "string"
                    }
                  ]
                ],
                "description_kind": "plain",
                "computed": true
              },
              "id": {
                "type": "string",
                "description_kind": "plain",
                "optional": true,
                "computed": true
              },
              "ids": {
                "type": [
                  "set",
                  "string"
                ],
                "description_kind": "plain",
                "optional": true,
                "computed": true
              },
              "name_regex": {
                "type": "string",
                "description_kind": "plain",
                "optional": true
              },
              "output_file": {
                "type": "string",
                "description_kind": "plain",
                "optional": true
              },
              "total_count": {
                "type": "number",
                "description_kind": "plain",
                "computed": true
              }
            },
            "description_kind": "plain"
          }
        },
        "ucloud_eips": {
          "version": 0,
          "block": {
            "attributes": {
              "eips": {
                "type": [
                  "list",
                  [
                    "object",
                    {
                      "bandwidth": "number",
                      "charge_mode": "string",
                      "charge_type": "string",
                      "create_time": "string",
                      "expire_time": "string",
                      "ip_set": [
                        "list",
                        [
                          "object",
                          {
                            "internet_type": "string",
                            "ip": "string"
                          }
                        ]
                      ],
                      "name": "string",
                      "remark": "string",
                      "status": "string",
                      "tag": "string"
                    }
                  ]
                ],
                "description_kind": "plain",
                "computed": true
              },
              "id": {
                "type": "string",
                "description_kind": "plain",
                "optional": true,
                "computed": true
              },
              "ids": {
                "type": [
                  "set",
                  "string"
                ],
                "description_kind": "plain",
                "optional": true,
                "computed": true
              },
              "name_regex": {
                "type": "string",
                "description_kind": "plain",
                "optional": true
              },
              "output_file": {
                "type": "string",
                "description_kind": "plain",
                "optional": true
              },
              "total_count": {
                "type": "number",
                "description_kind": "plain",
                "computed": true
              }
            },
            "description_kind": "plain"
          }
        },
        "ucloud_images": {
          "version": 0,
          "block": {
            "attributes": {
              "availability_zone": {
                "type": "string",
                "description_kind": "plain",
                "optional": true
              },
              "id": {
                "type": "string",
                "description_kind": "plain",
                "optional": true,
                "computed": true
              },
              "ids": {
                "type": [
                  "set",
                  "string"
                ],
                "description_kind": "plain",
                "optional": true,
                "computed": true
              },
              "image_id": {
                "type": "string",
                "description_kind": "plain",
                "optional": true
              },
              "image_type": {
                "type": "string",
                "description_kind": "plain",
                "optional": true
              },
              "images": {
                "type": [
                  "list",
                  [
                    "object",
                    {
                      "availability_zone": "string",
                      "create_time": "string",
                      "description": "string",
                      "features": [
                        "list",
                        "string"
                      ],
                      "id": "string",
                      "name": "string",
                      "os_name": "string",
                      "os_type": "string",
                      "size": "number",
                      "status": "string",
                      "type": "string"
                    }
                  ]
                ],
                "description_kind": "plain",
                "computed": true
              },
              "most_recent": {
                "type": "bool",
                "description_kind": "plain",
                "optional": true
              },
              "name_regex": {
                "type": "string",
                "description_kind": "plain",
                "optional": true
              },
              "os_type": {
                "type": "string",
                "description_kind": "plain",
                "optional": true
              },
              "output_file": {
                "type": "string",
                "description_kind": "plain",
                "optional": true
              },
              "total_count": {
                "type": "number",
                "description_kind": "plain",
                "computed": true
              }
            },
            "description_kind": "plain"
          }
        },
        "ucloud_instances": {
          "version": 0,
          "block": {
            "attributes": {
              "availability_zone": {
                "type": "string",
                "description_kind": "plain",
                "optional": true
              },
              "id": {
                "type": "string",
                "description_kind": "plain",
                "optional": true,
                "computed": true
              },
              "ids": {
                "type": [
                  "set",
                  "string"
                ],
                "description_kind": "plain",
                "optional": true,
                "computed": true
              },
              "instances": {
                "type": [
                  "list",
                  [
                    "object",
                    {
                      "auto_renew": "bool",
                      "availability_zone": "string",
                      "charge_type": "string",
                      "cpu": "number",
                      "create_time": "string",
                      "disk_set": [
                        "list",
                        [
                          "object",
                          {
                            "id": "string",
                            "is_boot": "bool",
                            "size": "number",
                            "type": "string"
                          }
                        ]
                      ],
                      "expire_time": "string",
                      "id": "string",
                      "instance_type": "string",
                      "ip_set": [
                        "list",
                        [
                          "object",
                          {
                            "internet_type": "string",
                            "ip": "string"
                          }
                        ]
                      ],
                      "memory": "number",
                      "name": "string",
                      "private_ip": "string",
                      "remark": "string",
                      "status": "string",
                      "subnet_id": "string",
                      "tag": "string",
                      "vpc_id": "string"
                    }
                  ]
                ],
                "description_kind": "plain",
                "computed": true
              },
              "name_regex": {
                "type": "string",
                "description_kind": "plain",
                "optional": true
              },
              "output_file": {
                "type": "string",
                "description_kind": "plain",
                "optional": true
              },
              "tag": {
                "type": "string",
                "description_kind": "plain",
                "optional": true
              },
              "total_count": {
                "type": "number",
                "description_kind": "plain",
                "computed": true
              }
            },
            "description_kind": "plain"
          }
        },
        "ucloud_lb_attachments": {
          "version": 0,
          "block": {
            "attributes": {
              "id": {
                "type": "string",
                "description_kind": "plain",
                "optional": true,
                "computed": true
              },
              "ids": {
                "type": [
                  "set",
                  "string"
                ],
                "description_kind": "plain",
                "optional": true,
                "computed": true
              },
              "lb_attachments": {
                "type": [
                  "list",
                  [
                    "object",
                    {
                      "id": "string",
                      "port": "number",
                      "private_ip": "string",
                      "resource_id": "string",
                      "status": "string"
                    }
                  ]
                ],
                "description_kind": "plain",
                "computed": true
              },
              "listener_id": {
                "type": "string",
                "description_kind": "plain",
                "required": true
              },
              "load_balancer_id": {
                "type": "string",
                "description_kind": "plain",
                "required": true
              },
              "output_file": {
                "type": "string",
                "description_kind": "plain",
                "optional": true
              },
              "total_count": {
                "type": "number",
                "description_kind": "plain",
                "computed": true
              }
            },
            "description_kind": "plain"
          }
        },
        "ucloud_lb_listeners": {
          "version": 0,
          "block": {
            "attributes": {
              "id": {
                "type": "string",
                "description_kind": "plain",
                "optional": true,
                "computed": true
              },
              "ids": {
                "type": [
                  "set",
                  "string"
                ],
                "description_kind": "plain",
                "optional": true,
                "computed": true
              },
              "lb_listeners": {
                "type": [
                  "list",
                  [
                    "object",
                    {
                      "domain": "string",
                      "health_check_type": "string",
                      "id": "string",
                      "idle_timeout": "number",
                      "listen_type": "string",
                      "method": "string",
                      "name": "string",
                      "path": "string",
                      "persistence": "string",
                      "persistence_type": "string",
                      "port": "number",
                      "protocol": "string",
                      "status": "string"
                    }
                  ]
                ],
                "description_kind": "plain",
                "computed": true
              },
              "load_balancer_id": {
                "type": "string",
                "description_kind": "plain",
                "required": true
              },
              "name_regex": {
                "type": "string",
                "description_kind": "plain",
                "optional": true
              },
              "output_file": {
                "type": "string",
                "description_kind": "plain",
                "optional": true
              },
              "total_count": {
                "type": "number",
                "description_kind": "plain",
                "computed": true
              }
            },
            "description_kind": "plain"
          }
        },
        "ucloud_lb_rules": {
          "version": 0,
          "block": {
            "attributes": {
              "id": {
                "type": "string",
                "description_kind": "plain",
                "optional": true,
                "computed": true
              },
              "ids": {
                "type": [
                  "set",
                  "string"
                ],
                "description_kind": "plain",
                "optional": true,
                "computed": true
              },
              "lb_rules": {
                "type": [
                  "list",
                  [
                    "object",
                    {
                      "domain": "string",
                      "id": "string",
                      "path": "string"
                    }
                  ]
                ],
                "description_kind": "plain",
                "computed": true
              },
              "listener_id": {
                "type": "string",
                "description_kind": "plain",
                "required": true
              },
              "load_balancer_id": {
                "type": "string",
                "description_kind": "plain",
                "required": true
              },
              "output_file": {
                "type": "string",
                "description_kind": "plain",
                "optional": true
              },
              "total_count": {
                "type": "number",
                "description_kind": "plain",
                "computed": true
              }
            },
            "description_kind": "plain"
          }
        },
        "ucloud_lb_ssls": {
          "version": 0,
          "block": {
            "attributes": {
              "id": {
                "type": "string",
                "description_kind": "plain",
                "optional": true,
                "computed": true
              },
              "ids": {
                "type": [
                  "set",
                  "string"
                ],
                "description_kind": "plain",
                "optional": true,
                "computed": true
              },
              "lb_ssls": {
                "type": [
                  "list",
                  [
                    "object",
                    {
                      "create_time": "string",
                      "id": "string",
                      "name": "string"
                    }
                  ]
                ],
                "description_kind": "plain",
                "computed": true
              },
              "name_regex": {
                "type": "string",
                "description_kind": "plain",
                "optional": true
              },
              "output_file": {
                "type": "string",
                "description_kind": "plain",
                "optional": true
              },
              "total_count": {
                "type": "number",
                "description_kind": "plain",
                "computed": true
              }
            },
            "description_kind": "plain"
          }
        },
        "ucloud_lbs": {
          "version": 0,
          "block": {
            "attributes": {
              "id": {
                "type": "string",
                "description_kind": "plain",
                "optional": true,
                "computed": true
              },
              "ids": {
                "type": [
                  "set",
                  "string"
                ],
                "description_kind": "plain",
                "optional": true,
                "computed": true
              },
              "lbs": {
                "type": [
                  "list",
                  [
                    "object",
                    {
                      "create_time": "string",
                      "id": "string",
                      "internal": "bool",
                      "ip_set": [
                        "list",
                        [
                          "object",
                          {
                            "internet_type": "string",
                            "ip": "string"
                          }
                        ]
                      ],
                      "name": "string",
                      "private_ip": "string",
                      "remark": "string",
                      "subnet_id": "string",
                      "tag": "string",
                      "vpc_id": "string"
                    }
                  ]
                ],
                "description_kind": "plain",
                "computed": true
              },
              "name_regex": {
                "type": "string",
                "description_kind": "plain",
                "optional": true
              },
              "output_file": {
                "type": "string",
                "description_kind": "plain",
                "optional": true
              },
              "subnet_id": {
                "type": "string",
                "description_kind": "plain",
                "optional": true,
                "computed": true
              },
              "total_count": {
                "type": "number",
                "description_kind": "plain",
                "computed": true
              },
              "vpc_id": {
                "type": "string",
                "description_kind": "plain",
                "optional": true,
                "computed": true
              }
            },
            "description_kind": "plain"
          }
        },
        "ucloud_nat_gateways": {
          "version": 0,
          "block": {
            "attributes": {
              "id": {
                "type": "string",
                "description_kind": "plain",
                "optional": true,
                "computed": true
              },
              "ids": {
                "type": [
                  "set",
                  "string"
                ],
                "description_kind": "plain",
                "optional": true,
                "computed": true
              },
              "name_regex": {
                "type": "string",
                "description_kind": "plain",
                "optional": true
              },
              "nat_gateways": {
                "type": [
                  "list",
                  [
                    "object",
                    {
                      "create_time": "string",
                      "id": "string",
                      "ip_set": [
                        "list",
                        [
                          "object",
                          {
                            "internet_type": "string",
                            "ip": "string"
                          }
                        ]
                      ],
                      "name": "string",
                      "remark": "string",
                      "security_group": "string",
                      "subnet_ids": [
                        "list",
                        "string"
                      ],
                      "tag": "string",
                      "vpc_id": "string"
                    }
                  ]
                ],
                "description_kind": "plain",
                "computed": true
              },
              "output_file": {
                "type": "string",
                "description_kind": "plain",
                "optional": true
              },
              "total_count": {
                "type": "number",
                "description_kind": "plain",
                "computed": true
              }
            },
            "description_kind": "plain"
          }
        },
        "ucloud_projects": {
          "version": 0,
          "block": {
            "attributes": {
              "id": {
                "type": "string",
                "description_kind": "plain",
                "optional": true,
                "computed": true
              },
              "is_finance": {
                "type": "bool",
                "description_kind": "plain",
                "optional": true
              },
              "name_regex": {
                "type": "string",
                "description_kind": "plain",
                "optional": true
              },
              "output_file": {
                "type": "string",
                "description_kind": "plain",
                "optional": true
              },
              "projects": {
                "type": [
                  "list",
                  [
                    "object",
                    {
                      "create_time": "string",
                      "id": "string",
                      "member_count": "number",
                      "name": "string",
                      "parent_id": "string",
                      "parent_name": "string",
                      "resource_count": "number"
                    }
                  ]
                ],
                "description_kind": "plain",
                "computed": true
              },
              "total_count": {
                "type": "number",
                "description_kind": "plain",
                "computed": true
              }
            },
            "description_kind": "plain"
          }
        },
        "ucloud_security_groups": {
          "version": 0,
          "block": {
            "attributes": {
              "id": {
                "type": "string",
                "description_kind": "plain",
                "optional": true,
                "computed": true
              },
              "ids": {
                "type": [
                  "set",
                  "string"
                ],
                "description_kind": "plain",
                "optional": true,
                "computed": true
              },
              "name_regex": {
                "type": "string",
                "description_kind": "plain",
                "optional": true
              },
              "output_file": {
                "type": "string",
                "description_kind": "plain",
                "optional": true
              },
              "security_groups": {
                "type": [
                  "list",
                  [
                    "object",
                    {
                      "create_time": "string",
                      "id": "string",
                      "name": "string",
                      "remark": "string",
                      "rules": [
                        "list",
                        [
                          "object",
                          {
                            "cidr_block": "string",
                            "policy": "string",
                            "port_range": "string",
                            "priority": "string",
                            "protocol": "string"
                          }
                        ]
                      ],
                      "tag": "string",
                      "type": "string"
                    }
                  ]
                ],
                "description_kind": "plain",
                "computed": true
              },
              "total_count": {
                "type": "number",
                "description_kind": "plain",
                "computed": true
              },
              "type": {
                "type": "string",
                "description_kind": "plain",
                "optional": true
              }
            },
            "description_kind": "plain"
          }
        },
        "ucloud_subnets": {
          "version": 0,
          "block": {
            "attributes": {
              "id": {
                "type": "string",
                "description_kind": "plain",
                "optional": true,
                "computed": true
              },
              "ids": {
                "type": [
                  "set",
                  "string"
                ],
                "description_kind": "plain",
                "optional": true,
                "computed": true
              },
              "name_regex": {
                "type": "string",
                "description_kind": "plain",
                "optional": true
              },
              "output_file": {
                "type": "string",
                "description_kind": "plain",
                "optional": true
              },
              "subnets": {
                "type": [
                  "list",
                  [
                    "object",
                    {
                      "cidr_block": "string",
                      "create_time": "string",
                      "id": "string",
                      "name": "string",
                      "remark": "string",
                      "tag": "string",
                      "vpc_id": "string"
                    }
                  ]
                ],
                "description_kind": "plain",
                "computed": true
              },
              "tag": {
                "type": "string",
                "description_kind": "plain",
                "optional": true
              },
              "total_count": {
                "type": "number",
                "description_kind": "plain",
                "computed": true
              },
              "vpc_id": {
                "type": "string",
                "description_kind": "plain",
                "optional": true
              }
            },
            "description_kind": "plain"
          }
        },
        "ucloud_ufs_volumes": {
          "version": 0,
          "block": {
            "attributes": {
              "id": {
                "type": "string",
                "description_kind": "plain",
                "optional": true,
                "computed": true
              },
              "ids": {
                "type": [
                  "set",
                  "string"
                ],
                "description_kind": "plain",
                "optional": true,
                "computed": true
              },
              "name_regex": {
                "type": "string",
                "description_kind": "plain",
                "optional": true
              },
              "output_file": {
                "type": "string",
                "description_kind": "plain",
                "optional": true
              },
              "total_count": {
                "type": "number",
                "description_kind": "plain",
                "computed": true
              },
              "ufs_volumes": {
                "type": [
                  "list",
                  [
                    "object",
                    {
                      "create_time": "string",
                      "expire_time": "string",
                      "id": "string",
                      "name": "string",
                      "protocol_type": "string",
                      "remark": "string",
                      "size": "number",
                      "storage_type": "string",
                      "tag": "string"
                    }
                  ]
                ],
                "description_kind": "plain",
                "computed": true
              }
            },
            "description_kind": "plain"
          }
        },
        "ucloud_us3_buckets": {
          "version": 0,
          "block": {
            "attributes": {
              "id": {
                "type": "string",
                "description_kind": "plain",
                "optional": true,
                "computed": true
              },
              "name_regex": {
                "type": "string",
                "description_kind": "plain",
                "optional": true
              },
              "output_file": {
                "type": "string",
                "description_kind": "plain",
                "optional": true
              },
              "total_count": {
                "type": "number",
                "description_kind": "plain",
                "computed": true
              },
              "us3_buckets": {
                "type": [
                  "list",
                  [
                    "object",
                    {
                      "create_time": "string",
                      "name": "string",
                      "source_domain_names": [
                        "list",
                        "string"
                      ],
                      "tag": "string",
                      "type": "string"
                    }
                  ]
                ],
                "description_kind": "plain",
                "computed": true
              }
            },
            "description_kind": "plain"
          }
        },
        "ucloud_vpcs": {
          "version": 0,
          "block": {
            "attributes": {
              "id": {
                "type": "string",
                "description_kind": "plain",
                "optional": true,
                "computed": true
              },
              "ids": {
                "type": [
                  "set",
                  "string"
                ],
                "description_kind": "plain",
                "optional": true,
                "computed": true
              },
              "name_regex": {
                "type": "string",
                "description_kind": "plain",
                "optional": true
              },
              "output_file": {
                "type": "string",
                "description_kind": "plain",
                "optional": true
              },
              "tag": {
                "type": "string",
                "description_kind": "plain",
                "optional": true
              },
              "total_count": {
                "type": "number",
                "description_kind": "plain",
                "computed": true
              },
              "vpcs": {
                "type": [
                  "list",
                  [
                    "object",
                    {
                      "cidr_blocks": [
                        "list",
                        "string"
                      ],
                      "create_time": "string",
                      "id": "string",
                      "name": "string",
                      "tag": "string",
                      "update_time": "string"
                    }
                  ]
                ],
                "description_kind": "plain",
                "computed": true
              }
            },
            "description_kind": "plain"
          }
        },
        "ucloud_vpn_connections": {
          "version": 0,
          "block": {
            "attributes": {
              "id": {
                "type": "string",
                "description_kind": "plain",
                "optional": true,
                "computed": true
              },
              "ids": {
                "type": [
                  "set",
                  "string"
                ],
                "description_kind": "plain",
                "optional": true,
                "computed": true
              },
              "name_regex": {
                "type": "string",
                "description_kind": "plain",
                "optional": true
              },
              "output_file": {
                "type": "string",
                "description_kind": "plain",
                "optional": true
              },
              "tag": {
                "type": "string",
                "description_kind": "plain",
                "optional": true
              },
              "total_count": {
                "type": "number",
                "description_kind": "plain",
                "computed": true
              },
              "vpn_connections": {
                "type": [
                  "list",
                  [
                    "object",
                    {
                      "create_time": "string",
                      "customer_gateway_id": "string",
                      "id": "string",
                      "ike_config": [
                        "list",
                        [
                          "object",
                          {
                            "authentication_algorithm": "string",
                            "dh_group": "string",
                            "encryption_algorithm": "string",
                            "exchange_mode": "string",
                            "ike_version": "string",
                            "local_id": "string",
                            "pre_shared_key": "string",
                            "remote_id": "string",
                            "sa_life_time": "number"
                          }
                        ]
                      ],
                      "ipsec_config": [
                        "list",
                        [
                          "object",
                          {
                            "authentication_algorithm": "string",
                            "encryption_algorithm": "string",
                            "local_subnet_ids": [
                              "list",
                              "string"
                            ],
                            "pfs_dh_group": "string",
                            "protocol": "string",
                            "remote_subnets": [
                              "list",
                              "string"
                            ],
                            "sa_life_time": "number",
                            "sa_life_time_bytes": "number"
                          }
                        ]
                      ],
                      "name": "string",
                      "remark": "string",
                      "tag": "string",
                      "vpc_id": "string",
                      "vpn_gateway_id": "string"
                    }
                  ]
                ],
                "description_kind": "plain",
                "computed": true
              }
            },
            "description_kind": "plain"
          }
        },
        "ucloud_vpn_customer_gateways": {
          "version": 0,
          "block": {
            "attributes": {
              "id": {
                "type": "string",
                "description_kind": "plain",
                "optional": true,
                "computed": true
              },
              "ids": {
                "type": [
                  "set",
                  "string"
                ],
                "description_kind": "plain",
                "optional": true,
                "computed": true
              },
              "name_regex": {
                "type": "string",
                "description_kind": "plain",
                "optional": true
              },
              "output_file": {
                "type": "string",
                "description_kind": "plain",
                "optional": true
              },
              "tag": {
                "type": "string",
                "description_kind": "plain",
                "optional": true
              },
              "total_count": {
                "type": "number",
                "description_kind": "plain",
                "computed": true
              },
              "vpn_customer_gateways": {
                "type": [
                  "list",
                  [
                    "object",
                    {
                      "create_time": "string",
                      "id": "string",
                      "ip_address": "string",
                      "name": "string",
                      "remark": "string",
                      "tag": "string"
                    }
                  ]
                ],
                "description_kind": "plain",
                "computed": true
              }
            },
            "description_kind": "plain"
          }
        },
        "ucloud_vpn_gateways": {
          "version": 0,
          "block": {
            "attributes": {
              "id": {
                "type": "string",
                "description_kind": "plain",
                "optional": true,
                "computed": true
              },
              "ids": {
                "type": [
                  "set",
                  "string"
                ],
                "description_kind": "plain",
                "optional": true,
                "computed": true
              },
              "name_regex": {
                "type": "string",
                "description_kind": "plain",
                "optional": true
              },
              "output_file": {
                "type": "string",
                "description_kind": "plain",
                "optional": true
              },
              "tag": {
                "type": "string",
                "description_kind": "plain",
                "optional": true
              },
              "total_count": {
                "type": "number",
                "description_kind": "plain",
                "computed": true
              },
              "vpc_id": {
                "type": "string",
                "description_kind": "plain",
                "optional": true
              },
              "vpn_gateways": {
                "type": [
                  "list",
                  [
                    "object",
                    {
                      "auto_renew": "bool",
                      "charge_type": "string",
                      "create_time": "string",
                      "expire_time": "string",
                      "grade": "string",
                      "id": "string",
                      "ip_set": [
                        "list",
                        [
                          "object",
                          {
                            "internet_type": "string",
                            "ip": "string"
                          }
                        ]
                      ],
                      "name": "string",
                      "remark": "string",
                      "tag": "string",
                      "vpc_id": "string"
                    }
                  ]
                ],
                "description_kind": "plain",
                "computed": true
              }
            },
            "description_kind": "plain"
          }
        },
        "ucloud_zones": {
          "version": 0,
          "block": {
            "attributes": {
              "id": {
                "type": "string",
                "description_kind": "plain",
                "optional": true,
                "computed": true
              },
              "output_file": {
                "type": "string",
                "description_kind": "plain",
                "optional": true
              },
              "total_count": {
                "type": "number",
                "description_kind": "plain",
                "computed": true
              },
              "zones": {
                "type": [
                  "list",
                  [
                    "object",
                    {
                      "id": "string"
                    }
                  ]
                ],
                "description_kind": "plain",
                "computed": true
              }
            },
            "description_kind": "plain"
          }
        }
      }
    }
  }
}
