{
  "format_version": "1.0",
  "provider_schemas": {
    "registry.terraform.io/hashicorp/vsphere": {
      "provider": {
        "version": 0,
        "block": {
          "attributes": {
            "allow_unverified_ssl": {
              "type": "bool",
              "description": "If set, VMware vSphere client will permit unverifiable SSL certificates.",
              "description_kind": "plain",
              "optional": true
            },
            "api_timeout": {
              "type": "number",
              "description": "API timeout in minutes (Default: 5)",
              "description_kind": "plain",
              "optional": true
            },
            "client_debug": {
              "type": "bool",
              "description": "govmomi debug",
              "description_kind": "plain",
              "optional": true
            },
            "client_debug_path": {
              "type": "string",
              "description": "govmomi debug path for debug",
              "description_kind": "plain",
              "optional": true
            },
            "client_debug_path_run": {
              "type": "string",
              "description": "govmomi debug path for a single run",
              "description_kind": "plain",
              "optional": true
            },
            "password": {
              "type": "string",
              "description": "The user password for vSphere API operations.",
              "description_kind": "plain",
              "required": true
            },
            "persist_session": {
              "type": "bool",
              "description": "Persist vSphere client sessions to disk",
              "description_kind": "plain",
              "optional": true
            },
            "rest_session_path": {
              "type": "string",
              "description": "The directory to save vSphere REST API sessions to",
              "description_kind": "plain",
              "optional": true
            },
            "user": {
              "type": "string",
              "description": "The user name for vSphere API operations.",
              "description_kind": "plain",
              "required": true
            },
            "vcenter_server": {
              "type": "string",
              "description_kind": "plain",
              "deprecated": true,
              "optional": true
            },
            "vim_keep_alive": {
              "type": "number",
              "description": "Keep alive interval for the VIM session in minutes",
              "description_kind": "plain",
              "optional": true
            },
            "vim_session_path": {
              "type": "string",
              "description": "The directory to save vSphere SOAP API sessions to",
              "description_kind": "plain",
              "optional": true
            },
            "vsphere_server": {
              "type": "string",
              "description": "The vSphere Server name for vSphere API operations.",
              "description_kind": "plain",
              "optional": true
            }
          },
          "description_kind": "plain"
        }
      },
      "resource_schemas": {
        "vsphere_compute_cluster": {
          "version": 0,
          "block": {
            "attributes": {
              "custom_attributes": {
                "type": [
                  "map",
                  "string"
                ],
                "description": "A list of custom attributes to set on this resource.",
                "description_kind": "plain",
                "optional": true
              },
              "datacenter_id": {
                "type": "string",
                "description": "The managed object ID of the datacenter to put the cluster in.",
                "description_kind": "plain",
                "required": true
              },
              "dpm_automation_level": {
                "type": "string",
                "description": "The automation level for host power operations in this cluster. Can be one of manual or automated.",
                "description_kind": "plain",
                "optional": true
              },
              "dpm_enabled": {
                "type": "bool",
                "description": "Enable DPM support for DRS. This allows you to dynamically control the power of hosts depending on the needs of virtual machines in the cluster. Requires that DRS be enabled.",
                "description_kind": "plain",
                "optional": true
              },
              "dpm_threshold": {
                "type": "number",
                "description": "A value between 1 and 5 indicating the threshold of load within the cluster that influences host power operations. This affects both power on and power off operations - a lower setting will tolerate more of a surplus/deficit than a higher setting.",
                "description_kind": "plain",
                "optional": true
              },
              "drs_advanced_options": {
                "type": [
                  "map",
                  "string"
                ],
                "description": "Advanced configuration options for DRS and DPM.",
                "description_kind": "plain",
                "optional": true
              },
              "drs_automation_level": {
                "type": "string",
                "description": "The default automation level for all virtual machines in this cluster. Can be one of manual, partiallyAutomated, or fullyAutomated.",
                "description_kind": "plain",
                "optional": true
              },
              "drs_enable_predictive_drs": {
                "type": "bool",
                "description": "When true, enables DRS to use data from vRealize Operations Manager to make proactive DRS recommendations.",
                "description_kind": "plain",
                "optional": true
              },
              "drs_enable_vm_overrides": {
                "type": "bool",
                "description": "When true, allows individual VM overrides within this cluster to be set.",
                "description_kind": "plain",
                "optional": true
              },
              "drs_enabled": {
                "type": "bool",
                "description": "Enable DRS for this cluster.",
                "description_kind": "plain",
                "optional": true
              },
              "drs_migration_threshold": {
                "type": "number",
                "description": "A value between 1 and 5 indicating the threshold of imbalance tolerated between hosts. A lower setting will tolerate more imbalance while a higher setting will tolerate less.",
                "description_kind": "plain",
                "optional": true
              },
              "drs_scale_descendants_shares": {
                "type": "string",
                "description": "Enable scalable shares for all descendants of this cluster.",
                "description_kind": "plain",
                "optional": true
              },
              "folder": {
                "type": "string",
                "description": "The name of the folder to locate the cluster in.",
                "description_kind": "plain",
                "optional": true
              },
              "force_evacuate_on_destroy": {
                "type": "bool",
                "description": "Force removal of all hosts in the cluster during destroy and make them standalone hosts. Use of this flag mainly exists for testing and is not recommended in normal use.",
                "description_kind": "plain",
                "optional": true
              },
              "ha_admission_control_failover_host_system_ids": {
                "type": [
                  "set",
                  "string"
                ],
                "description": "When ha_admission_control_policy is failoverHosts, this defines the managed object IDs of hosts to use as dedicated failover hosts. These hosts are kept as available as possible - admission control will block access to the host, and DRS will ignore the host when making recommendations.",
                "description_kind": "plain",
                "optional": true
              },
              "ha_admission_control_host_failure_tolerance": {
                "type": "number",
                "description": "The maximum number of failed hosts that admission control tolerates when making decisions on whether to permit virtual machine operations. The maximum is one less than the number of hosts in the cluster.",
                "description_kind": "plain",
                "optional": true
              },
              "ha_admission_control_performance_tolerance": {
                "type": "number",
                "description": "The percentage of resource reduction that a cluster of VMs can tolerate in case of a failover. A value of 0 produces warnings only, whereas a value of 100 disables the setting.",
                "description_kind": "plain",
                "optional": true
              },
              "ha_admission_control_policy": {
                "type": "string",
                "description": "The type of admission control policy to use with vSphere HA, which controls whether or not specific VM operations are permitted in the cluster in order to protect the reliability of the cluster. Can be one of resourcePercentage, slotPolicy, failoverHosts, or disabled. Note that disabling admission control is not recommended and can lead to service issues.",
                "description_kind": "plain",
                "optional": true
              },
              "ha_admission_control_resource_percentage_auto_compute": {
                "type": "bool",
                "description": "When ha_admission_control_policy is resourcePercentage, automatically determine available resource percentages by subtracting the average number of host resources represented by the ha_admission_control_host_failure_tolerance setting from the total amount of resources in the cluster. Disable to supply user-defined values.",
                "description_kind": "plain",
                "optional": true
              },
              "ha_admission_control_resource_percentage_cpu": {
                "type": "number",
                "description": "When ha_admission_control_policy is resourcePercentage, this controls the user-defined percentage of CPU resources in the cluster to reserve for failover.",
                "description_kind": "plain",
                "optional": true
              },
              "ha_admission_control_resource_percentage_memory": {
                "type": "number",
                "description": "When ha_admission_control_policy is resourcePercentage, this controls the user-defined percentage of memory resources in the cluster to reserve for failover.",
                "description_kind": "plain",
                "optional": true
              },
              "ha_admission_control_slot_policy_explicit_cpu": {
                "type": "number",
                "description": "When ha_admission_control_policy is slotPolicy, this controls the user-defined CPU slot size, in MHz.",
                "description_kind": "plain",
                "optional": true
              },
              "ha_admission_control_slot_policy_explicit_memory": {
                "type": "number",
                "description": "When ha_admission_control_policy is slotPolicy, this controls the user-defined memory slot size, in MB.",
                "description_kind": "plain",
                "optional": true
              },
              "ha_admission_control_slot_policy_use_explicit_size": {
                "type": "bool",
                "description": "When ha_admission_control_policy is slotPolicy, this setting controls whether or not you wish to supply explicit values to CPU and memory slot sizes. The default is to gather a automatic average based on all powered-on virtual machines currently in the cluster.",
                "description_kind": "plain",
                "optional": true
              },
              "ha_advanced_options": {
                "type": [
                  "map",
                  "string"
                ],
                "description": "Advanced configuration options for vSphere HA.",
                "description_kind": "plain",
                "optional": true
              },
              "ha_datastore_apd_recovery_action": {
                "type": "string",
                "description": "When ha_vm_component_protection is enabled, controls the action to take on virtual machines if an APD status on an affected datastore clears in the middle of an APD event. Can be one of none or reset.",
                "description_kind": "plain",
                "optional": true
              },
              "ha_datastore_apd_response": {
                "type": "string",
                "description": "When ha_vm_component_protection is enabled, controls the action to take on virtual machines when the cluster has detected loss to all paths to a relevant datastore. Can be one of disabled, warning, restartConservative, or restartAggressive.",
                "description_kind": "plain",
                "optional": true
              },
              "ha_datastore_apd_response_delay": {
                "type": "number",
                "description": "When ha_vm_component_protection is enabled, controls the delay in seconds to wait after an APD timeout event to execute the response action defined in ha_datastore_apd_response.",
                "description_kind": "plain",
                "optional": true
              },
              "ha_datastore_pdl_response": {
                "type": "string",
                "description": "When ha_vm_component_protection is enabled, controls the action to take on virtual machines when the cluster has detected a permanent device loss to a relevant datastore. Can be one of disabled, warning, or restartAggressive.",
                "description_kind": "plain",
                "optional": true
              },
              "ha_enabled": {
                "type": "bool",
                "description": "Enable vSphere HA for this cluster.",
                "description_kind": "plain",
                "optional": true
              },
              "ha_heartbeat_datastore_ids": {
                "type": [
                  "set",
                  "string"
                ],
                "description": "The list of managed object IDs for preferred datastores to use for HA heartbeating. This setting is only useful when ha_heartbeat_datastore_policy is set to either userSelectedDs or allFeasibleDsWithUserPreference.",
                "description_kind": "plain",
                "optional": true
              },
              "ha_heartbeat_datastore_policy": {
                "type": "string",
                "description": "The selection policy for HA heartbeat datastores. Can be one of allFeasibleDs, userSelectedDs, or allFeasibleDsWithUserPreference.",
                "description_kind": "plain",
                "optional": true
              },
              "ha_host_isolation_response": {
                "type": "string",
                "description": "The action to take on virtual machines when a host has detected that it has been isolated from the rest of the cluster. Can be one of none, powerOff, or shutdown.",
                "description_kind": "plain",
                "optional": true
              },
              "ha_host_monitoring": {
                "type": "string",
                "description": "Global setting that controls whether vSphere HA remediates VMs on host failure. Can be one of enabled or disabled.",
                "description_kind": "plain",
                "optional": true
              },
              "ha_vm_component_protection": {
                "type": "string",
                "description": "Controls vSphere VM component protection for virtual machines in this cluster. This allows vSphere HA to react to failures between hosts and specific virtual machine components, such as datastores. Can be one of enabled or disabled.",
                "description_kind": "plain",
                "optional": true
              },
              "ha_vm_dependency_restart_condition": {
                "type": "string",
                "description": "The condition used to determine whether or not VMs in a certain restart priority class are online, allowing HA to move on to restarting VMs on the next priority. Can be one of none, poweredOn, guestHbStatusGreen, or appHbStatusGreen.",
                "description_kind": "plain",
                "optional": true
              },
              "ha_vm_failure_interval": {
                "type": "number",
                "description": "If a heartbeat from a virtual machine is not received within this configured interval, the virtual machine is marked as failed. The value is in seconds.",
                "description_kind": "plain",
                "optional": true
              },
              "ha_vm_maximum_failure_window": {
                "type": "number",
                "description": "The length of the reset window in which ha_vm_maximum_resets can operate. When this window expires, no more resets are attempted regardless of the setting configured in ha_vm_maximum_resets. -1 means no window, meaning an unlimited reset time is allotted.",
                "description_kind": "plain",
                "optional": true
              },
              "ha_vm_maximum_resets": {
                "type": "number",
                "description": "The maximum number of resets that HA will perform to a virtual machine when responding to a failure event.",
                "description_kind": "plain",
                "optional": true
              },
              "ha_vm_minimum_uptime": {
                "type": "number",
                "description": "The time, in seconds, that HA waits after powering on a virtual machine before monitoring for heartbeats.",
                "description_kind": "plain",
                "optional": true
              },
              "ha_vm_monitoring": {
                "type": "string",
                "description": "The type of virtual machine monitoring to use when HA is enabled in the cluster. Can be one of vmMonitoringDisabled, vmMonitoringOnly, or vmAndAppMonitoring.",
                "description_kind": "plain",
                "optional": true
              },
              "ha_vm_restart_additional_delay": {
                "type": "number",
                "description": "Additional delay in seconds after ready condition is met. A VM is considered ready at this point.",
                "description_kind": "plain",
                "optional": true
              },
              "ha_vm_restart_priority": {
                "type": "string",
                "description": "The default restart priority for affected VMs when vSphere detects a host failure. Can be one of lowest, low, medium, high, or highest.",
                "description_kind": "plain",
                "optional": true
              },
              "ha_vm_restart_timeout": {
                "type": "number",
                "description": "The maximum time, in seconds, that vSphere HA will wait for virtual machines in one priority to be ready before proceeding with the next priority.",
                "description_kind": "plain",
                "optional": true
              },
              "host_cluster_exit_timeout": {
                "type": "number",
                "description": "The timeout for each host maintenance mode operation when removing hosts from a cluster.",
                "description_kind": "plain",
                "optional": true
              },
              "host_managed": {
                "type": "bool",
                "description": "Must be set if cluster enrollment is managed from host resource.",
                "description_kind": "plain",
                "optional": true
              },
              "host_system_ids": {
                "type": [
                  "set",
                  "string"
                ],
                "description": "The managed object IDs of the hosts to put in the cluster.",
                "description_kind": "plain",
                "optional": true
              },
              "id": {
                "type": "string",
                "description_kind": "plain",
                "optional": true,
                "computed": true
              },
              "name": {
                "type": "string",
                "description": "Name for the new cluster.",
                "description_kind": "plain",
                "required": true
              },
              "proactive_ha_automation_level": {
                "type": "string",
                "description": "The DRS behavior for proactive HA recommendations. Can be one of Automated or Manual.",
                "description_kind": "plain",
                "optional": true
              },
              "proactive_ha_enabled": {
                "type": "bool",
                "description": "Enables proactive HA, allowing for vSphere to get HA data from external providers and use DRS to perform remediation.",
                "description_kind": "plain",
                "optional": true
              },
              "proactive_ha_moderate_remediation": {
                "type": "string",
                "description": "The configured remediation for moderately degraded hosts. Can be one of MaintenanceMode or QuarantineMode. Note that this cannot be set to MaintenanceMode when proactive_ha_severe_remediation is set to QuarantineMode.",
                "description_kind": "plain",
                "optional": true
              },
              "proactive_ha_provider_ids": {
                "type": [
                  "set",
                  "string"
                ],
                "description": "The list of IDs for health update providers configured for this cluster.",
                "description_kind": "plain",
                "optional": true
              },
              "proactive_ha_severe_remediation": {
                "type": "string",
                "description": "The configured remediation for severely degraded hosts. Can be one of MaintenanceMode or QuarantineMode. Note that this cannot be set to QuarantineMode when proactive_ha_moderate_remediation is set to MaintenanceMode.",
                "description_kind": "plain",
                "optional": true
              },
              "resource_pool_id": {
                "type": "string",
                "description": "The managed object ID of the cluster's root resource pool.",
                "description_kind": "plain",
                "computed": true
              },
              "tags": {
                "type": [
                  "set",
                  "string"
                ],
                "description": "A list of tag IDs to apply to this object.",
                "description_kind": "plain",
                "optional": true
              },
              "vsan_compression_enabled": {
                "type": "bool",
                "description": "Whether the vSAN compression service is enabled for the cluster.",
                "description_kind": "plain",
                "optional": true
              },
              "vsan_dedup_enabled": {
                "type": "bool",
                "description": "Whether the vSAN deduplication service is enabled for the cluster.",
                "description_kind": "plain",
                "optional": true
              },
              "vsan_dit_encryption_enabled": {
                "type": "bool",
                "description": "Whether the vSAN data-in-transit encryption is enabled for the cluster.",
                "description_kind": "plain",
                "optional": true
              },
              "vsan_dit_rekey_interval": {
                "type": "number",
                "description": "When vsan_dit_encryption_enabled is enabled, sets the rekey interval of data-in-transit encryption (in minutes).",
                "description_kind": "plain",
                "optional": true,
                "computed": true
              },
              "vsan_enabled": {
                "type": "bool",
                "description": "Whether the vSAN service is enabled for the cluster.",
                "description_kind": "plain",
                "optional": true
              },
              "vsan_esa_enabled": {
                "type": "bool",
                "description": "Whether the vSAN ESA service is enabled for the cluster.",
                "description_kind": "plain",
                "optional": true
              },
              "vsan_network_diagnostic_mode_enabled": {
                "type": "bool",
                "description": "Whether the vSAN network diagnostic mode is enabled for the cluster.",
                "description_kind": "plain",
                "optional": true
              },
              "vsan_performance_enabled": {
                "type": "bool",
                "description": "Whether the vSAN performance service is enabled for the cluster.",
                "description_kind": "plain",
                "optional": true
              },
              "vsan_remote_datastore_ids": {
                "type": [
                  "set",
                  "string"
                ],
                "description": "The managed object IDs of the vSAN datastore to be mounted on the cluster.",
                "description_kind": "plain",
                "optional": true
              },
              "vsan_unmap_enabled": {
                "type": "bool",
                "description": "Whether the vSAN unmap service is enabled for the cluster.",
                "description_kind": "plain",
                "optional": true
              },
              "vsan_verbose_mode_enabled": {
                "type": "bool",
                "description": "Whether the vSAN verbose mode is enabled for the cluster.",
                "description_kind": "plain",
                "optional": true
              }
            },
            "block_types": {
              "vsan_disk_group": {
                "nesting_mode": "list",
                "block": {
                  "attributes": {
                    "cache": {
                      "type": "string",
                      "description": "Cache disk.",
                      "description_kind": "plain",
                      "optional": true
                    },
                    "storage": {
                      "type": [
                        "set",
                        "string"
                      ],
                      "description": "List of storage disks.",
                      "description_kind": "plain",
                      "optional": true
                    }
                  },
                  "description": "A list of disk UUIDs to add to the vSAN cluster.",
                  "description_kind": "plain"
                }
              },
              "vsan_fault_domains": {
                "nesting_mode": "set",
                "block": {
                  "block_types": {
                    "fault_domain": {
                      "nesting_mode": "set",
                      "block": {
                        "attributes": {
                          "host_ids": {
                            "type": [
                              "set",
                              "string"
                            ],
                            "description": "The managed object IDs of the hosts to put in the fault domain.",
                            "description_kind": "plain",
                            "required": true
                          },
                          "name": {
                            "type": "string",
                            "description": "The name of fault domain.",
                            "description_kind": "plain",
                            "required": true
                          }
                        },
                        "description": "The configuration for single fault domain.",
                        "description_kind": "plain"
                      }
                    }
                  },
                  "description": "The configuration for vSAN fault domains.",
                  "description_kind": "plain"
                }
              },
              "vsan_stretched_cluster": {
                "nesting_mode": "list",
                "block": {
                  "attributes": {
                    "preferred_fault_domain_host_ids": {
                      "type": [
                        "set",
                        "string"
                      ],
                      "description": "The managed object IDs of the hosts to put in the first fault domain.",
                      "description_kind": "plain",
                      "required": true
                    },
                    "preferred_fault_domain_name": {
                      "type": "string",
                      "description": "The name of prepferred fault domain.",
                      "description_kind": "plain",
                      "optional": true
                    },
                    "secondary_fault_domain_host_ids": {
                      "type": [
                        "set",
                        "string"
                      ],
                      "description": "The managed object IDs of the hosts to put in the second fault domain.",
                      "description_kind": "plain",
                      "required": true
                    },
                    "secondary_fault_domain_name": {
                      "type": "string",
                      "description": "The name of secondary fault domain.",
                      "description_kind": "plain",
                      "optional": true
                    },
                    "witness_node": {
                      "type": "string",
                      "description": "The managed object IDs of the host selected as witness node when enable stretched cluster.",
                      "description_kind": "plain",
                      "required": true
                    }
                  },
                  "description": "The configuration for stretched cluster.",
                  "description_kind": "plain"
                },
                "max_items": 1
              }
            },
            "description_kind": "plain"
          }
        },
        "vsphere_compute_cluster_host_group": {
          "version": 0,
          "block": {
            "attributes": {
              "compute_cluster_id": {
                "type": "string",
                "description": "The managed object ID of the cluster.",
                "description_kind": "plain",
                "required": true
              },
              "host_system_ids": {
                "type": [
                  "set",
                  "string"
                ],
                "description": "The managed object IDs of the hosts.",
                "description_kind": "plain",
                "optional": true
              },
              "id": {
                "type": "string",
                "description_kind": "plain",
                "optional": true,
                "computed": true
              },
              "name": {
                "type": "string",
                "description": "The unique name of the host group in the cluster.",
                "description_kind": "plain",
                "required": true
              }
            },
            "description_kind": "plain"
          }
        },
        "vsphere_compute_cluster_vm_affinity_rule": {
          "version": 0,
          "block": {
            "attributes": {
              "compute_cluster_id": {
                "type": "string",
                "description": "The managed object ID of the cluster.",
                "description_kind": "plain",
                "required": true
              },
              "enabled": {
                "type": "bool",
                "description": "Enable this rule in the cluster.",
                "description_kind": "plain",
                "optional": true
              },
              "id": {
                "type": "string",
                "description_kind": "plain",
                "optional": true,
                "computed": true
              },
              "mandatory": {
                "type": "bool",
                "description": "When true, prevents any virtual machine operations that may violate this rule.",
                "description_kind": "plain",
                "optional": true
              },
              "name": {
                "type": "string",
                "description": "The unique name of the virtual machine group in the cluster.",
                "description_kind": "plain",
                "required": true
              },
              "virtual_machine_ids": {
                "type": [
                  "set",
                  "string"
                ],
                "description": "The UUIDs of the virtual machines to run on the same host together.",
                "description_kind": "plain",
                "required": true
              }
            },
            "description_kind": "plain"
          }
        },
        "vsphere_compute_cluster_vm_anti_affinity_rule": {
          "version": 0,
          "block": {
            "attributes": {
              "compute_cluster_id": {
                "type": "string",
                "description": "The managed object ID of the cluster.",
                "description_kind": "plain",
                "required": true
              },
              "enabled": {
                "type": "bool",
                "description": "Enable this rule in the cluster.",
                "description_kind": "plain",
                "optional": true
              },
              "id": {
                "type": "string",
                "description_kind": "plain",
                "optional": true,
                "computed": true
              },
              "mandatory": {
                "type": "bool",
                "description": "When true, prevents any virtual machine operations that may violate this rule.",
                "description_kind": "plain",
                "optional": true
              },
              "name": {
                "type": "string",
                "description": "The unique name of the virtual machine group in the cluster.",
                "description_kind": "plain",
                "required": true
              },
              "virtual_machine_ids": {
                "type": [
                  "set",
                  "string"
                ],
                "description": "The UUIDs of the virtual machines to run on hosts different from each other.",
                "description_kind": "plain",
                "required": true
              }
            },
            "description_kind": "plain"
          }
        },
        "vsphere_compute_cluster_vm_dependency_rule": {
          "version": 0,
          "block": {
            "attributes": {
              "compute_cluster_id": {
                "type": "string",
                "description": "The managed object ID of the cluster.",
                "description_kind": "plain",
                "required": true
              },
              "dependency_vm_group_name": {
                "type": "string",
                "description": "The name of the VM group that this rule depends on. The VMs defined in the group specified by vm_group_name will not be started until the VMs in this group are started.",
                "description_kind": "plain",
                "required": true
              },
              "enabled": {
                "type": "bool",
                "description": "Enable this rule in the cluster.",
                "description_kind": "plain",
                "optional": true
              },
              "id": {
                "type": "string",
                "description_kind": "plain",
                "optional": true,
                "computed": true
              },
              "mandatory": {
                "type": "bool",
                "description": "When true, prevents any virtual machine operations that may violate this rule.",
                "description_kind": "plain",
                "optional": true
              },
              "name": {
                "type": "string",
                "description": "The unique name of the virtual machine group in the cluster.",
                "description_kind": "plain",
                "required": true
              },
              "vm_group_name": {
                "type": "string",
                "description": "The name of the VM group that is the subject of this rule. The VMs defined in this group will not be started until the VMs in the group specified by dependency_vm_group_name are started.",
                "description_kind": "plain",
                "required": true
              }
            },
            "description_kind": "plain"
          }
        },
        "vsphere_compute_cluster_vm_group": {
          "version": 0,
          "block": {
            "attributes": {
              "compute_cluster_id": {
                "type": "string",
                "description": "The managed object ID of the cluster.",
                "description_kind": "plain",
                "required": true
              },
              "id": {
                "type": "string",
                "description_kind": "plain",
                "optional": true,
                "computed": true
              },
              "name": {
                "type": "string",
                "description": "The unique name of the virtual machine group in the cluster.",
                "description_kind": "plain",
                "required": true
              },
              "virtual_machine_ids": {
                "type": [
                  "set",
                  "string"
                ],
                "description": "The UUIDs of the virtual machines in this group.",
                "description_kind": "plain",
                "optional": true
              }
            },
            "description_kind": "plain"
          }
        },
        "vsphere_compute_cluster_vm_host_rule": {
          "version": 0,
          "block": {
            "attributes": {
              "affinity_host_group_name": {
                "type": "string",
                "description": "When this field is used, virtual machines defined in vm_group_name will be run on the hosts defined in this host group.",
                "description_kind": "plain",
                "optional": true
              },
              "anti_affinity_host_group_name": {
                "type": "string",
                "description": "When this field is used, virtual machines defined in vm_group_name will not be run on the hosts defined in this host group.",
                "description_kind": "plain",
                "optional": true
              },
              "compute_cluster_id": {
                "type": "string",
                "description": "The managed object ID of the cluster.",
                "description_kind": "plain",
                "required": true
              },
              "enabled": {
                "type": "bool",
                "description": "Enable this rule in the cluster.",
                "description_kind": "plain",
                "optional": true
              },
              "id": {
                "type": "string",
                "description_kind": "plain",
                "optional": true,
                "computed": true
              },
              "mandatory": {
                "type": "bool",
                "description": "When true, prevents any virtual machine operations that may violate this rule.",
                "description_kind": "plain",
                "optional": true
              },
              "name": {
                "type": "string",
                "description": "The unique name of the virtual machine group in the cluster.",
                "description_kind": "plain",
                "required": true
              },
              "vm_group_name": {
                "type": "string",
                "description": "The name of the virtual machine group to use with this rule.",
                "description_kind": "plain",
                "required": true
              }
            },
            "description_kind": "plain"
          }
        },
        "vsphere_content_library": {
          "version": 0,
          "block": {
            "attributes": {
              "description": {
                "type": "string",
                "description": "Optional description of the content library.",
                "description_kind": "plain",
                "optional": true
              },
              "id": {
                "type": "string",
                "description_kind": "plain",
                "optional": true,
                "computed": true
              },
              "name": {
                "type": "string",
                "description": "The name of the content library.",
                "description_kind": "plain",
                "required": true
              },
              "storage_backing": {
                "type": [
                  "set",
                  "string"
                ],
                "description": "The name of the content library.",
                "description_kind": "plain",
                "required": true
              }
            },
            "block_types": {
              "publication": {
                "nesting_mode": "list",
                "block": {
                  "attributes": {
                    "authentication_method": {
                      "type": "string",
                      "description_kind": "plain",
                      "optional": true
                    },
                    "password": {
                      "type": "string",
                      "description_kind": "plain",
                      "optional": true,
                      "computed": true
                    },
                    "publish_url": {
                      "type": "string",
                      "description_kind": "plain",
                      "computed": true
                    },
                    "published": {
                      "type": "bool",
                      "description_kind": "plain",
                      "optional": true
                    },
                    "username": {
                      "type": "string",
                      "description_kind": "plain",
                      "optional": true,
                      "computed": true
                    }
                  },
                  "description": "Publication configuration for content library.",
                  "description_kind": "plain"
                },
                "max_items": 1
              },
              "subscription": {
                "nesting_mode": "list",
                "block": {
                  "attributes": {
                    "authentication_method": {
                      "type": "string",
                      "description_kind": "plain",
                      "optional": true
                    },
                    "automatic_sync": {
                      "type": "bool",
                      "description_kind": "plain",
                      "optional": true
                    },
                    "on_demand": {
                      "type": "bool",
                      "description_kind": "plain",
                      "optional": true
                    },
                    "password": {
                      "type": "string",
                      "description_kind": "plain",
                      "optional": true,
                      "computed": true
                    },
                    "subscription_url": {
                      "type": "string",
                      "description_kind": "plain",
                      "optional": true
                    },
                    "username": {
                      "type": "string",
                      "description_kind": "plain",
                      "optional": true,
                      "computed": true
                    }
                  },
                  "description": "Publication configuration for content library.",
                  "description_kind": "plain"
                },
                "max_items": 1
              }
            },
            "description_kind": "plain"
          }
        },
        "vsphere_content_library_item": {
          "version": 1,
          "block": {
            "attributes": {
              "description": {
                "type": "string",
                "description": "Optional description of the content library item.",
                "description_kind": "plain",
                "optional": true
              },
              "file_url": {
                "type": "string",
                "description": "ID of source VM of content library item.",
                "description_kind": "plain",
                "optional": true
              },
              "id": {
                "type": "string",
                "description_kind": "plain",
                "optional": true,
                "computed": true
              },
              "library_id": {
                "type": "string",
                "description": "ID of the content library to contain item",
                "description_kind": "plain",
                "required": true
              },
              "name": {
                "type": "string",
                "description": "The name of the content library item.",
                "description_kind": "plain",
                "required": true
              },
              "source_uuid": {
                "type": "string",
                "description": "The managed object ID of an existing VM to be cloned to the content library.",
                "description_kind": "plain",
                "optional": true
              },
              "type": {
                "type": "string",
                "description": "Type of content library item.",
                "description_kind": "plain",
                "optional": true
              }
            },
            "description_kind": "plain"
          }
        },
        "vsphere_custom_attribute": {
          "version": 0,
          "block": {
            "attributes": {
              "id": {
                "type": "string",
                "description_kind": "plain",
                "optional": true,
                "computed": true
              },
              "managed_object_type": {
                "type": "string",
                "description": "Object type for which the custom attribute is valid. If not specified, the attribute is valid for all managed object types.",
                "description_kind": "plain",
                "optional": true
              },
              "name": {
                "type": "string",
                "description": "The display name of the custom attribute.",
                "description_kind": "plain",
                "required": true
              }
            },
            "description_kind": "plain"
          }
        },
        "vsphere_datacenter": {
          "version": 0,
          "block": {
            "attributes": {
              "custom_attributes": {
                "type": [
                  "map",
                  "string"
                ],
                "description": "A list of custom attributes to set on this resource.",
                "description_kind": "plain",
                "optional": true
              },
              "folder": {
                "type": "string",
                "description_kind": "plain",
                "optional": true
              },
              "id": {
                "type": "string",
                "description_kind": "plain",
                "optional": true,
                "computed": true
              },
              "moid": {
                "type": "string",
                "description": "Managed object ID of the datacenter.",
                "description_kind": "plain",
                "computed": true
              },
              "name": {
                "type": "string",
                "description_kind": "plain",
                "required": true
              },
              "tags": {
                "type": [
                  "set",
                  "string"
                ],
                "description": "A list of tag IDs to apply to this object.",
                "description_kind": "plain",
                "optional": true
              }
            },
            "description_kind": "plain"
          }
        },
        "vsphere_datastore_cluster": {
          "version": 0,
          "block": {
            "attributes": {
              "custom_attributes": {
                "type": [
                  "map",
                  "string"
                ],
                "description": "A list of custom attributes to set on this resource.",
                "description_kind": "plain",
                "optional": true
              },
              "datacenter_id": {
                "type": "string",
                "description": "The managed object ID of the datacenter to put the datastore cluster in.",
                "description_kind": "plain",
                "required": true
              },
              "folder": {
                "type": "string",
                "description": "The name of the folder to locate the datastore cluster in.",
                "description_kind": "plain",
                "optional": true
              },
              "id": {
                "type": "string",
                "description_kind": "plain",
                "optional": true,
                "computed": true
              },
              "name": {
                "type": "string",
                "description": "Name for the new storage pod.",
                "description_kind": "plain",
                "required": true
              },
              "sdrs_advanced_options": {
                "type": [
                  "map",
                  "string"
                ],
                "description": "Advanced configuration options for storage DRS.",
                "description_kind": "plain",
                "optional": true
              },
              "sdrs_automation_level": {
                "type": "string",
                "description": "The default automation level for all virtual machines in this storage cluster.",
                "description_kind": "plain",
                "optional": true
              },
              "sdrs_default_intra_vm_affinity": {
                "type": "bool",
                "description": "When true, storage DRS keeps VMDKs for individual VMs on the same datastore by default.",
                "description_kind": "plain",
                "optional": true
              },
              "sdrs_enabled": {
                "type": "bool",
                "description": "Enable storage DRS for this datastore cluster.",
                "description_kind": "plain",
                "optional": true
              },
              "sdrs_free_space_threshold": {
                "type": "number",
                "description": "The threshold, in GB, that storage DRS uses to make decisions to migrate VMs out of a datastore.",
                "description_kind": "plain",
                "optional": true
              },
              "sdrs_free_space_threshold_mode": {
                "type": "string",
                "description": "The free space threshold to use. When set to utilization, drs_space_utilization_threshold is used, and when set to freeSpace, drs_free_space_threshold is used.",
                "description_kind": "plain",
                "optional": true
              },
              "sdrs_free_space_utilization_difference": {
                "type": "number",
                "description": "The threshold, in percent, of difference between space utilization in datastores before storage DRS makes decisions to balance the space.",
                "description_kind": "plain",
                "optional": true
              },
              "sdrs_io_balance_automation_level": {
                "type": "string",
                "description": "Overrides the default automation settings when correcting I/O load imbalances.",
                "description_kind": "plain",
                "optional": true
              },
              "sdrs_io_latency_threshold": {
                "type": "number",
                "description": "The I/O latency threshold, in milliseconds, that storage DRS uses to make recommendations to move disks from this datastore.",
                "description_kind": "plain",
                "optional": true
              },
              "sdrs_io_load_balance_enabled": {
                "type": "bool",
                "description": "Enable I/O load balancing for this datastore cluster.",
                "description_kind": "plain",
                "optional": true
              },
              "sdrs_io_load_imbalance_threshold": {
                "type": "number",
                "description": "The difference between load in datastores in the cluster before storage DRS makes recommendations to balance the load.",
                "description_kind": "plain",
                "optional": true
              },
              "sdrs_io_reservable_iops_threshold": {
                "type": "number",
                "description": "The threshold of reservable IOPS of all virtual machines on the datastore before storage DRS makes recommendations to move VMs off of a datastore.",
                "description_kind": "plain",
                "optional": true
              },
              "sdrs_io_reservable_percent_threshold": {
                "type": "number",
                "description": "The threshold, in percent, of actual estimated performance of the datastore (in IOPS) that storage DRS uses to make recommendations to move VMs off of a datastore when the total reservable IOPS exceeds the threshold.",
                "description_kind": "plain",
                "optional": true
              },
              "sdrs_io_reservable_threshold_mode": {
                "type": "string",
                "description": "The reservable IOPS threshold to use, percent in the event of automatic, or manual threshold in the event of manual.",
                "description_kind": "plain",
                "optional": true
              },
              "sdrs_load_balance_interval": {
                "type": "number",
                "description": "The storage DRS poll interval, in minutes.",
                "description_kind": "plain",
                "optional": true
              },
              "sdrs_policy_enforcement_automation_level": {
                "type": "string",
                "description": "Overrides the default automation settings when correcting storage and VM policy violations.",
                "description_kind": "plain",
                "optional": true
              },
              "sdrs_rule_enforcement_automation_level": {
                "type": "string",
                "description": "Overrides the default automation settings when correcting affinity rule violations.",
                "description_kind": "plain",
                "optional": true
              },
              "sdrs_space_balance_automation_level": {
                "type": "string",
                "description": "Overrides the default automation settings when correcting disk space imbalances.",
                "description_kind": "plain",
                "optional": true
              },
              "sdrs_space_utilization_threshold": {
                "type": "number",
                "description": "The threshold, in percent of used space, that storage DRS uses to make decisions to migrate VMs out of a datastore.",
                "description_kind": "plain",
                "optional": true
              },
              "sdrs_vm_evacuation_automation_level": {
                "type": "string",
                "description": "Overrides the default automation settings when generating recommendations for datastore evacuation.",
                "description_kind": "plain",
                "optional": true
              },
              "tags": {
                "type": [
                  "set",
                  "string"
                ],
                "description": "A list of tag IDs to apply to this object.",
                "description_kind": "plain",
                "optional": true
              }
            },
            "description_kind": "plain"
          }
        },
        "vsphere_datastore_cluster_vm_anti_affinity_rule": {
          "version": 0,
          "block": {
            "attributes": {
              "datastore_cluster_id": {
                "type": "string",
                "description": "The managed object ID of the datastore cluster.",
                "description_kind": "plain",
                "required": true
              },
              "enabled": {
                "type": "bool",
                "description": "Enable this rule in the cluster.",
                "description_kind": "plain",
                "optional": true
              },
              "id": {
                "type": "string",
                "description_kind": "plain",
                "optional": true,
                "computed": true
              },
              "mandatory": {
                "type": "bool",
                "description": "When true, prevents any virtual machine operations that may violate this rule.",
                "description_kind": "plain",
                "optional": true
              },
              "name": {
                "type": "string",
                "description": "The unique name of the virtual machine group in the cluster.",
                "description_kind": "plain",
                "required": true
              },
              "virtual_machine_ids": {
                "type": [
                  "set",
                  "string"
                ],
                "description": "The UUIDs of the virtual machines to run on different datastores from each other.",
                "description_kind": "plain",
                "required": true
              }
            },
            "description_kind": "plain"
          }
        },
        "vsphere_distributed_port_group": {
          "version": 0,
          "block": {
            "attributes": {
              "active_uplinks": {
                "type": [
                  "list",
                  "string"
                ],
                "description": "List of active uplinks used for load balancing, matching the names of the uplinks assigned in the DVS.",
                "description_kind": "plain",
                "optional": true,
                "computed": true
              },
              "allow_forged_transmits": {
                "type": "bool",
                "description": "Controls whether or not the virtual network adapter is allowed to send network traffic with a different MAC address than that of its own.",
                "description_kind": "plain",
                "optional": true,
                "computed": true
              },
              "allow_mac_changes": {
                "type": "bool",
                "description": "Controls whether or not the Media Access Control (MAC) address can be changed.",
                "description_kind": "plain",
                "optional": true,
                "computed": true
              },
              "allow_promiscuous": {
                "type": "bool",
                "description": "Enable promiscuous mode on the network. This flag indicates whether or not all traffic is seen on a given port.",
                "description_kind": "plain",
                "optional": true,
                "computed": true
              },
              "auto_expand": {
                "type": "bool",
                "description": "Auto-expands the port group beyond the port count configured in number_of_ports when necessary.",
                "description_kind": "plain",
                "optional": true
              },
              "block_all_ports": {
                "type": "bool",
                "description": "Indicates whether to block all ports by default.",
                "description_kind": "plain",
                "optional": true,
                "computed": true
              },
              "block_override_allowed": {
                "type": "bool",
                "description": "Allow the blocked setting of an individual port to override the setting in the portgroup.",
                "description_kind": "plain",
                "optional": true
              },
              "check_beacon": {
                "type": "bool",
                "description": "Enable beacon probing on the ports this policy applies to.",
                "description_kind": "plain",
                "optional": true,
                "computed": true
              },
              "config_version": {
                "type": "string",
                "description": "Version string of the configuration that this spec is trying to change.",
                "description_kind": "plain",
                "computed": true
              },
              "custom_attributes": {
                "type": [
                  "map",
                  "string"
                ],
                "description": "A list of custom attributes to set on this resource.",
                "description_kind": "plain",
                "optional": true
              },
              "description": {
                "type": "string",
                "description": "The description of the portgroup.",
                "description_kind": "plain",
                "optional": true
              },
              "directpath_gen2_allowed": {
                "type": "bool",
                "description": "Allow VMDirectPath Gen2 on the ports this policy applies to.",
                "description_kind": "plain",
                "optional": true,
                "computed": true
              },
              "distributed_virtual_switch_uuid": {
                "type": "string",
                "description": "The UUID of the DVS to attach this port group to.",
                "description_kind": "plain",
                "required": true
              },
              "egress_shaping_average_bandwidth": {
                "type": "number",
                "description": "The average egress bandwidth in bits per second if egress shaping is enabled on the port.",
                "description_kind": "plain",
                "optional": true,
                "computed": true
              },
              "egress_shaping_burst_size": {
                "type": "number",
                "description": "The maximum egress burst size allowed in bytes if egress shaping is enabled on the port.",
                "description_kind": "plain",
                "optional": true,
                "computed": true
              },
              "egress_shaping_enabled": {
                "type": "bool",
                "description": "True if the traffic shaper is enabled for egress traffic on the port.",
                "description_kind": "plain",
                "optional": true,
                "computed": true
              },
              "egress_shaping_peak_bandwidth": {
                "type": "number",
                "description": "The peak egress bandwidth during bursts in bits per second if egress traffic shaping is enabled on the port.",
                "description_kind": "plain",
                "optional": true,
                "computed": true
              },
              "failback": {
                "type": "bool",
                "description": "If true, the teaming policy will re-activate failed interfaces higher in precedence when they come back up.",
                "description_kind": "plain",
                "optional": true,
                "computed": true
              },
              "id": {
                "type": "string",
                "description_kind": "plain",
                "optional": true,
                "computed": true
              },
              "ingress_shaping_average_bandwidth": {
                "type": "number",
                "description": "The average ingress bandwidth in bits per second if ingress shaping is enabled on the port.",
                "description_kind": "plain",
                "optional": true,
                "computed": true
              },
              "ingress_shaping_burst_size": {
                "type": "number",
                "description": "The maximum ingress burst size allowed in bytes if ingress shaping is enabled on the port.",
                "description_kind": "plain",
                "optional": true,
                "computed": true
              },
              "ingress_shaping_enabled": {
                "type": "bool",
                "description": "True if the traffic shaper is enabled for ingress traffic on the port.",
                "description_kind": "plain",
                "optional": true,
                "computed": true
              },
              "ingress_shaping_peak_bandwidth": {
                "type": "number",
                "description": "The peak ingress bandwidth during bursts in bits per second if ingress traffic shaping is enabled on the port.",
                "description_kind": "plain",
                "optional": true,
                "computed": true
              },
              "key": {
                "type": "string",
                "description": "The generated UUID of the portgroup.",
                "description_kind": "plain",
                "computed": true
              },
              "lacp_enabled": {
                "type": "bool",
                "description": "Whether or not to enable LACP on all uplink ports.",
                "description_kind": "plain",
                "optional": true,
                "computed": true
              },
              "lacp_mode": {
                "type": "string",
                "description": "The uplink LACP mode to use. Can be one of active or passive.",
                "description_kind": "plain",
                "optional": true,
                "computed": true
              },
              "live_port_moving_allowed": {
                "type": "bool",
                "description": "Allow a live port to be moved in and out of the portgroup.",
                "description_kind": "plain",
                "optional": true
              },
              "name": {
                "type": "string",
                "description": "The name of the portgroup.",
                "description_kind": "plain",
                "required": true
              },
              "netflow_enabled": {
                "type": "bool",
                "description": "Indicates whether to enable netflow on all ports.",
                "description_kind": "plain",
                "optional": true,
                "computed": true
              },
              "netflow_override_allowed": {
                "type": "bool",
                "description": "Allow the enabling or disabling of Netflow on a port, contrary to the policy in the portgroup.",
                "description_kind": "plain",
                "optional": true
              },
              "network_resource_pool_key": {
                "type": "string",
                "description": "The key of a network resource pool to associate with this portgroup.",
                "description_kind": "plain",
                "optional": true
              },
              "network_resource_pool_override_allowed": {
                "type": "bool",
                "description": "Allow the network resource pool of an individual port to override the setting in the portgroup.",
                "description_kind": "plain",
                "optional": true
              },
              "notify_switches": {
                "type": "bool",
                "description": "If true, the teaming policy will notify the broadcast network of a NIC failover, triggering cache updates.",
                "description_kind": "plain",
                "optional": true,
                "computed": true
              },
              "number_of_ports": {
                "type": "number",
                "description": "The number of ports in this portgroup. The DVS will expand and shrink by modifying this setting.",
                "description_kind": "plain",
                "optional": true,
                "computed": true
              },
              "port_config_reset_at_disconnect": {
                "type": "bool",
                "description": "Reset the setting of any ports in this portgroup back to the default setting when the port disconnects.",
                "description_kind": "plain",
                "optional": true
              },
              "port_name_format": {
                "type": "string",
                "description": "A template string to use when creating ports in the portgroup.",
                "description_kind": "plain",
                "optional": true
              },
              "port_private_secondary_vlan_id": {
                "type": "number",
                "description": "The secondary VLAN ID for this port.",
                "description_kind": "plain",
                "optional": true,
                "computed": true
              },
              "security_policy_override_allowed": {
                "type": "bool",
                "description": "Allow security policy settings on a port to override those on the portgroup.",
                "description_kind": "plain",
                "optional": true
              },
              "shaping_override_allowed": {
                "type": "bool",
                "description": "Allow the traffic shaping policies of an individual port to override the settings in the portgroup.",
                "description_kind": "plain",
                "optional": true
              },
              "standby_uplinks": {
                "type": [
                  "list",
                  "string"
                ],
                "description": "List of standby uplinks used for load balancing, matching the names of the uplinks assigned in the DVS.",
                "description_kind": "plain",
                "optional": true,
                "computed": true
              },
              "tags": {
                "type": [
                  "set",
                  "string"
                ],
                "description": "A list of tag IDs to apply to this object.",
                "description_kind": "plain",
                "optional": true
              },
              "teaming_policy": {
                "type": "string",
                "description": "The network adapter teaming policy. Can be one of loadbalance_ip, loadbalance_srcmac, loadbalance_srcid, failover_explicit, or loadbalance_loadbased.",
                "description_kind": "plain",
                "optional": true,
                "computed": true
              },
              "traffic_filter_override_allowed": {
                "type": "bool",
                "description": "Allow any filter policies set on the individual port to override those in the portgroup.",
                "description_kind": "plain",
                "optional": true
              },
              "tx_uplink": {
                "type": "bool",
                "description": "If true, a copy of packets sent to the switch will always be forwarded to an uplink in addition to the regular packet forwarded done by the switch.",
                "description_kind": "plain",
                "optional": true,
                "computed": true
              },
              "type": {
                "type": "string",
                "description": "The type of portgroup. Can be one of earlyBinding (static) or ephemeral.",
                "description_kind": "plain",
                "optional": true
              },
              "uplink_teaming_override_allowed": {
                "type": "bool",
                "description": "Allow the uplink teaming policies on a port to override those on the portgroup.",
                "description_kind": "plain",
                "optional": true
              },
              "vlan_id": {
                "type": "number",
                "description": "The VLAN ID for single VLAN mode. 0 denotes no VLAN.",
                "description_kind": "plain",
                "optional": true,
                "computed": true
              },
              "vlan_override_allowed": {
                "type": "bool",
                "description": "Allow the VLAN configuration on a port to override those on the portgroup.",
                "description_kind": "plain",
                "optional": true
              }
            },
            "block_types": {
              "vlan_range": {
                "nesting_mode": "set",
                "block": {
                  "attributes": {
                    "max_vlan": {
                      "type": "number",
                      "description": "The minimum VLAN to use in the range.",
                      "description_kind": "plain",
                      "required": true
                    },
                    "min_vlan": {
                      "type": "number",
                      "description": "The minimum VLAN to use in the range.",
                      "description_kind": "plain",
                      "required": true
                    }
                  },
                  "description": "The VLAN ID for single VLAN mode. 0 denotes no VLAN.",
                  "description_kind": "plain"
                }
              }
            },
            "description_kind": "plain"
          }
        },
        "vsphere_distributed_virtual_switch": {
          "version": 0,
          "block": {
            "attributes": {
              "active_uplinks": {
                "type": [
                  "list",
                  "string"
                ],
                "description": "List of active uplinks used for load balancing, matching the names of the uplinks assigned in the DVS.",
                "description_kind": "plain",
                "optional": true,
                "computed": true
              },
              "allow_forged_transmits": {
                "type": "bool",
                "description": "Controls whether or not the virtual network adapter is allowed to send network traffic with a different MAC address than that of its own.",
                "description_kind": "plain",
                "optional": true,
                "computed": true
              },
              "allow_mac_changes": {
                "type": "bool",
                "description": "Controls whether or not the Media Access Control (MAC) address can be changed.",
                "description_kind": "plain",
                "optional": true,
                "computed": true
              },
              "allow_promiscuous": {
                "type": "bool",
                "description": "Enable promiscuous mode on the network. This flag indicates whether or not all traffic is seen on a given port.",
                "description_kind": "plain",
                "optional": true,
                "computed": true
              },
              "backupnfc_maximum_mbit": {
                "type": "number",
                "description": "The maximum allowed usage for the backupNfc traffic class, in Mbits/sec.",
                "description_kind": "plain",
                "optional": true,
                "computed": true
              },
              "backupnfc_reservation_mbit": {
                "type": "number",
                "description": "The amount of guaranteed bandwidth for the backupNfc traffic class, in Mbits/sec.",
                "description_kind": "plain",
                "optional": true,
                "computed": true
              },
              "backupnfc_share_count": {
                "type": "number",
                "description": "The amount of shares to allocate to the backupNfc traffic class for a custom share level.",
                "description_kind": "plain",
                "optional": true,
                "computed": true
              },
              "backupnfc_share_level": {
                "type": "string",
                "description": "The allocation level for the backupNfc traffic class. Can be one of high, low, normal, or custom.",
                "description_kind": "plain",
                "optional": true,
                "computed": true
              },
              "block_all_ports": {
                "type": "bool",
                "description": "Indicates whether to block all ports by default.",
                "description_kind": "plain",
                "optional": true,
                "computed": true
              },
              "check_beacon": {
                "type": "bool",
                "description": "Enable beacon probing on the ports this policy applies to.",
                "description_kind": "plain",
                "optional": true,
                "computed": true
              },
              "config_version": {
                "type": "string",
                "description": "The version string of the configuration that this spec is trying to change.",
                "description_kind": "plain",
                "computed": true
              },
              "contact_detail": {
                "type": "string",
                "description": "The contact detail for this DVS.",
                "description_kind": "plain",
                "optional": true
              },
              "contact_name": {
                "type": "string",
                "description": "The contact name for this DVS.",
                "description_kind": "plain",
                "optional": true
              },
              "custom_attributes": {
                "type": [
                  "map",
                  "string"
                ],
                "description": "A list of custom attributes to set on this resource.",
                "description_kind": "plain",
                "optional": true
              },
              "datacenter_id": {
                "type": "string",
                "description": "The ID of the datacenter to create this virtual switch in.",
                "description_kind": "plain",
                "required": true
              },
              "description": {
                "type": "string",
                "description": "The description of the DVS.",
                "description_kind": "plain",
                "optional": true
              },
              "directpath_gen2_allowed": {
                "type": "bool",
                "description": "Allow VMDirectPath Gen2 on the ports this policy applies to.",
                "description_kind": "plain",
                "optional": true,
                "computed": true
              },
              "egress_shaping_average_bandwidth": {
                "type": "number",
                "description": "The average egress bandwidth in bits per second if egress shaping is enabled on the port.",
                "description_kind": "plain",
                "optional": true,
                "computed": true
              },
              "egress_shaping_burst_size": {
                "type": "number",
                "description": "The maximum egress burst size allowed in bytes if egress shaping is enabled on the port.",
                "description_kind": "plain",
                "optional": true,
                "computed": true
              },
              "egress_shaping_enabled": {
                "type": "bool",
                "description": "True if the traffic shaper is enabled for egress traffic on the port.",
                "description_kind": "plain",
                "optional": true,
                "computed": true
              },
              "egress_shaping_peak_bandwidth": {
                "type": "number",
                "description": "The peak egress bandwidth during bursts in bits per second if egress traffic shaping is enabled on the port.",
                "description_kind": "plain",
                "optional": true,
                "computed": true
              },
              "failback": {
                "type": "bool",
                "description": "If true, the teaming policy will re-activate failed interfaces higher in precedence when they come back up.",
                "description_kind": "plain",
                "optional": true,
                "computed": true
              },
              "faulttolerance_maximum_mbit": {
                "type": "number",
                "description": "The maximum allowed usage for the faultTolerance traffic class, in Mbits/sec.",
                "description_kind": "plain",
                "optional": true,
                "computed": true
              },
              "faulttolerance_reservation_mbit": {
                "type": "number",
                "description": "The amount of guaranteed bandwidth for the faultTolerance traffic class, in Mbits/sec.",
                "description_kind": "plain",
                "optional": true,
                "computed": true
              },
              "faulttolerance_share_count": {
                "type": "number",
                "description": "The amount of shares to allocate to the faultTolerance traffic class for a custom share level.",
                "description_kind": "plain",
                "optional": true,
                "computed": true
              },
              "faulttolerance_share_level": {
                "type": "string",
                "description": "The allocation level for the faultTolerance traffic class. Can be one of high, low, normal, or custom.",
                "description_kind": "plain",
                "optional": true,
                "computed": true
              },
              "folder": {
                "type": "string",
                "description": "The folder to create this virtual switch in, relative to the datacenter.",
                "description_kind": "plain",
                "optional": true
              },
              "hbr_maximum_mbit": {
                "type": "number",
                "description": "The maximum allowed usage for the hbr traffic class, in Mbits/sec.",
                "description_kind": "plain",
                "optional": true,
                "computed": true
              },
              "hbr_reservation_mbit": {
                "type": "number",
                "description": "The amount of guaranteed bandwidth for the hbr traffic class, in Mbits/sec.",
                "description_kind": "plain",
                "optional": true,
                "computed": true
              },
              "hbr_share_count": {
                "type": "number",
                "description": "The amount of shares to allocate to the hbr traffic class for a custom share level.",
                "description_kind": "plain",
                "optional": true,
                "computed": true
              },
              "hbr_share_level": {
                "type": "string",
                "description": "The allocation level for the hbr traffic class. Can be one of high, low, normal, or custom.",
                "description_kind": "plain",
                "optional": true,
                "computed": true
              },
              "id": {
                "type": "string",
                "description_kind": "plain",
                "optional": true,
                "computed": true
              },
              "ignore_other_pvlan_mappings": {
                "type": "bool",
                "description": "Whether to ignore existing PVLAN mappings not managed by this resource. Defaults to false.",
                "description_kind": "plain",
                "optional": true
              },
              "ingress_shaping_average_bandwidth": {
                "type": "number",
                "description": "The average ingress bandwidth in bits per second if ingress shaping is enabled on the port.",
                "description_kind": "plain",
                "optional": true,
                "computed": true
              },
              "ingress_shaping_burst_size": {
                "type": "number",
                "description": "The maximum ingress burst size allowed in bytes if ingress shaping is enabled on the port.",
                "description_kind": "plain",
                "optional": true,
                "computed": true
              },
              "ingress_shaping_enabled": {
                "type": "bool",
                "description": "True if the traffic shaper is enabled for ingress traffic on the port.",
                "description_kind": "plain",
                "optional": true,
                "computed": true
              },
              "ingress_shaping_peak_bandwidth": {
                "type": "number",
                "description": "The peak ingress bandwidth during bursts in bits per second if ingress traffic shaping is enabled on the port.",
                "description_kind": "plain",
                "optional": true,
                "computed": true
              },
              "ipv4_address": {
                "type": "string",
                "description": "The IPv4 address of the switch. This can be used to see the DVS as a unique device with NetFlow.",
                "description_kind": "plain",
                "optional": true
              },
              "iscsi_maximum_mbit": {
                "type": "number",
                "description": "The maximum allowed usage for the iSCSI traffic class, in Mbits/sec.",
                "description_kind": "plain",
                "optional": true,
                "computed": true
              },
              "iscsi_reservation_mbit": {
                "type": "number",
                "description": "The amount of guaranteed bandwidth for the iSCSI traffic class, in Mbits/sec.",
                "description_kind": "plain",
                "optional": true,
                "computed": true
              },
              "iscsi_share_count": {
                "type": "number",
                "description": "The amount of shares to allocate to the iSCSI traffic class for a custom share level.",
                "description_kind": "plain",
                "optional": true,
                "computed": true
              },
              "iscsi_share_level": {
                "type": "string",
                "description": "The allocation level for the iSCSI traffic class. Can be one of high, low, normal, or custom.",
                "description_kind": "plain",
                "optional": true,
                "computed": true
              },
              "lacp_api_version": {
                "type": "string",
                "description": "The Link Aggregation Control Protocol group version in the switch. Can be one of singleLag or multipleLag.",
                "description_kind": "plain",
                "optional": true,
                "computed": true
              },
              "lacp_enabled": {
                "type": "bool",
                "description": "Whether or not to enable LACP on all uplink ports.",
                "description_kind": "plain",
                "optional": true,
                "computed": true
              },
              "lacp_mode": {
                "type": "string",
                "description": "The uplink LACP mode to use. Can be one of active or passive.",
                "description_kind": "plain",
                "optional": true,
                "computed": true
              },
              "link_discovery_operation": {
                "type": "string",
                "description": "Whether to advertise or listen for link discovery. Valid values are advertise, both, listen, and none.",
                "description_kind": "plain",
                "optional": true
              },
              "link_discovery_protocol": {
                "type": "string",
                "description": "The discovery protocol type. Valid values are cdp and lldp.",
                "description_kind": "plain",
                "optional": true
              },
              "management_maximum_mbit": {
                "type": "number",
                "description": "The maximum allowed usage for the management traffic class, in Mbits/sec.",
                "description_kind": "plain",
                "optional": true,
                "computed": true
              },
              "management_reservation_mbit": {
                "type": "number",
                "description": "The amount of guaranteed bandwidth for the management traffic class, in Mbits/sec.",
                "description_kind": "plain",
                "optional": true,
                "computed": true
              },
              "management_share_count": {
                "type": "number",
                "description": "The amount of shares to allocate to the management traffic class for a custom share level.",
                "description_kind": "plain",
                "optional": true,
                "computed": true
              },
              "management_share_level": {
                "type": "string",
                "description": "The allocation level for the management traffic class. Can be one of high, low, normal, or custom.",
                "description_kind": "plain",
                "optional": true,
                "computed": true
              },
              "max_mtu": {
                "type": "number",
                "description": "The maximum MTU on the switch.",
                "description_kind": "plain",
                "optional": true,
                "computed": true
              },
              "multicast_filtering_mode": {
                "type": "string",
                "description": "The multicast filtering mode on the switch. Can be one of legacyFiltering, or snooping.",
                "description_kind": "plain",
                "optional": true,
                "computed": true
              },
              "name": {
                "type": "string",
                "description": "The name for the DVS. Must be unique in the folder that it is being created in.",
                "description_kind": "plain",
                "required": true
              },
              "netflow_active_flow_timeout": {
                "type": "number",
                "description": "The number of seconds after which active flows are forced to be exported to the collector.",
                "description_kind": "plain",
                "optional": true
              },
              "netflow_collector_ip_address": {
                "type": "string",
                "description": "IP address for the netflow collector, using IPv4 or IPv6. IPv6 is supported in vSphere Distributed Switch Version 6.0 or later.",
                "description_kind": "plain",
                "optional": true
              },
              "netflow_collector_port": {
                "type": "number",
                "description": "The port for the netflow collector.",
                "description_kind": "plain",
                "optional": true
              },
              "netflow_enabled": {
                "type": "bool",
                "description": "Indicates whether to enable netflow on all ports.",
                "description_kind": "plain",
                "optional": true,
                "computed": true
              },
              "netflow_idle_flow_timeout": {
                "type": "number",
                "description": "The number of seconds after which idle flows are forced to be exported to the collector.",
                "description_kind": "plain",
                "optional": true
              },
              "netflow_internal_flows_only": {
                "type": "bool",
                "description": "Whether to limit analysis to traffic that has both source and destination served by the same host.",
                "description_kind": "plain",
                "optional": true
              },
              "netflow_observation_domain_id": {
                "type": "number",
                "description": "The observation Domain ID for the netflow collector.",
                "description_kind": "plain",
                "optional": true
              },
              "netflow_sampling_rate": {
                "type": "number",
                "description": "The ratio of total number of packets to the number of packets analyzed. Set to 0 to disable sampling, meaning that all packets are analyzed.",
                "description_kind": "plain",
                "optional": true
              },
              "network_resource_control_enabled": {
                "type": "bool",
                "description": "Whether or not to enable network resource control, enabling advanced traffic shaping and resource control features.",
                "description_kind": "plain",
                "optional": true
              },
              "network_resource_control_version": {
                "type": "string",
                "description": "The network I/O control version to use. Can be one of version2 or version3.",
                "description_kind": "plain",
                "optional": true,
                "computed": true
              },
              "nfs_maximum_mbit": {
                "type": "number",
                "description": "The maximum allowed usage for the nfs traffic class, in Mbits/sec.",
                "description_kind": "plain",
                "optional": true,
                "computed": true
              },
              "nfs_reservation_mbit": {
                "type": "number",
                "description": "The amount of guaranteed bandwidth for the nfs traffic class, in Mbits/sec.",
                "description_kind": "plain",
                "optional": true,
                "computed": true
              },
              "nfs_share_count": {
                "type": "number",
                "description": "The amount of shares to allocate to the nfs traffic class for a custom share level.",
                "description_kind": "plain",
                "optional": true,
                "computed": true
              },
              "nfs_share_level": {
                "type": "string",
                "description": "The allocation level for the nfs traffic class. Can be one of high, low, normal, or custom.",
                "description_kind": "plain",
                "optional": true,
                "computed": true
              },
              "notify_switches": {
                "type": "bool",
                "description": "If true, the teaming policy will notify the broadcast network of a NIC failover, triggering cache updates.",
                "description_kind": "plain",
                "optional": true,
                "computed": true
              },
              "port_private_secondary_vlan_id": {
                "type": "number",
                "description": "The secondary VLAN ID for this port.",
                "description_kind": "plain",
                "optional": true,
                "computed": true
              },
              "standby_uplinks": {
                "type": [
                  "list",
                  "string"
                ],
                "description": "List of standby uplinks used for load balancing, matching the names of the uplinks assigned in the DVS.",
                "description_kind": "plain",
                "optional": true,
                "computed": true
              },
              "tags": {
                "type": [
                  "set",
                  "string"
                ],
                "description": "A list of tag IDs to apply to this object.",
                "description_kind": "plain",
                "optional": true
              },
              "teaming_policy": {
                "type": "string",
                "description": "The network adapter teaming policy. Can be one of loadbalance_ip, loadbalance_srcmac, loadbalance_srcid, failover_explicit, or loadbalance_loadbased.",
                "description_kind": "plain",
                "optional": true,
                "computed": true
              },
              "tx_uplink": {
                "type": "bool",
                "description": "If true, a copy of packets sent to the switch will always be forwarded to an uplink in addition to the regular packet forwarded done by the switch.",
                "description_kind": "plain",
                "optional": true,
                "computed": true
              },
              "uplinks": {
                "type": [
                  "list",
                  "string"
                ],
                "description": "A list of uplink ports. The contents of this list control both the uplink count and names of the uplinks on the DVS across hosts.",
                "description_kind": "plain",
                "optional": true,
                "computed": true
              },
              "vdp_maximum_mbit": {
                "type": "number",
                "description": "The maximum allowed usage for the vdp traffic class, in Mbits/sec.",
                "description_kind": "plain",
                "optional": true,
                "computed": true
              },
              "vdp_reservation_mbit": {
                "type": "number",
                "description": "The amount of guaranteed bandwidth for the vdp traffic class, in Mbits/sec.",
                "description_kind": "plain",
                "optional": true,
                "computed": true
              },
              "vdp_share_count": {
                "type": "number",
                "description": "The amount of shares to allocate to the vdp traffic class for a custom share level.",
                "description_kind": "plain",
                "optional": true,
                "computed": true
              },
              "vdp_share_level": {
                "type": "string",
                "description": "The allocation level for the vdp traffic class. Can be one of high, low, normal, or custom.",
                "description_kind": "plain",
                "optional": true,
                "computed": true
              },
              "version": {
                "type": "string",
                "description": "The version of this virtual switch. Allowed versions are 8.0.0, 7.0.3, 7.0.2, 7.0.0, 6.6.0, 6.5.0, 6.0.0, 5.5.0, 5.1.0, and 5.0.0.",
                "description_kind": "plain",
                "optional": true,
                "computed": true
              },
              "virtualmachine_maximum_mbit": {
                "type": "number",
                "description": "The maximum allowed usage for the virtualMachine traffic class, in Mbits/sec.",
                "description_kind": "plain",
                "optional": true,
                "computed": true
              },
              "virtualmachine_reservation_mbit": {
                "type": "number",
                "description": "The amount of guaranteed bandwidth for the virtualMachine traffic class, in Mbits/sec.",
                "description_kind": "plain",
                "optional": true,
                "computed": true
              },
              "virtualmachine_share_count": {
                "type": "number",
                "description": "The amount of shares to allocate to the virtualMachine traffic class for a custom share level.",
                "description_kind": "plain",
                "optional": true,
                "computed": true
              },
              "virtualmachine_share_level": {
                "type": "string",
                "description": "The allocation level for the virtualMachine traffic class. Can be one of high, low, normal, or custom.",
                "description_kind": "plain",
                "optional": true,
                "computed": true
              },
              "vlan_id": {
                "type": "number",
                "description": "The VLAN ID for single VLAN mode. 0 denotes no VLAN.",
                "description_kind": "plain",
                "optional": true,
                "computed": true
              },
              "vmotion_maximum_mbit": {
                "type": "number",
                "description": "The maximum allowed usage for the vmotion traffic class, in Mbits/sec.",
                "description_kind": "plain",
                "optional": true,
                "computed": true
              },
              "vmotion_reservation_mbit": {
                "type": "number",
                "description": "The amount of guaranteed bandwidth for the vmotion traffic class, in Mbits/sec.",
                "description_kind": "plain",
                "optional": true,
                "computed": true
              },
              "vmotion_share_count": {
                "type": "number",
                "description": "The amount of shares to allocate to the vmotion traffic class for a custom share level.",
                "description_kind": "plain",
                "optional": true,
                "computed": true
              },
              "vmotion_share_level": {
                "type": "string",
                "description": "The allocation level for the vmotion traffic class. Can be one of high, low, normal, or custom.",
                "description_kind": "plain",
                "optional": true,
                "computed": true
              },
              "vsan_maximum_mbit": {
                "type": "number",
                "description": "The maximum allowed usage for the vsan traffic class, in Mbits/sec.",
                "description_kind": "plain",
                "optional": true,
                "computed": true
              },
              "vsan_reservation_mbit": {
                "type": "number",
                "description": "The amount of guaranteed bandwidth for the vsan traffic class, in Mbits/sec.",
                "description_kind": "plain",
                "optional": true,
                "computed": true
              },
              "vsan_share_count": {
                "type": "number",
                "description": "The amount of shares to allocate to the vsan traffic class for a custom share level.",
                "description_kind": "plain",
                "optional": true,
                "computed": true
              },
              "vsan_share_level": {
                "type": "string",
                "description": "The allocation level for the vsan traffic class. Can be one of high, low, normal, or custom.",
                "description_kind": "plain",
                "optional": true,
                "computed": true
              }
            },
            "block_types": {
              "host": {
                "nesting_mode": "set",
                "block": {
                  "attributes": {
                    "devices": {
                      "type": [
                        "list",
                        "string"
                      ],
                      "description": "Name of the physical NIC to be added to the proxy switch.",
                      "description_kind": "plain",
                      "optional": true
                    },
                    "host_system_id": {
                      "type": "string",
                      "description": "The managed object ID of the host this specification applies to.",
                      "description_kind": "plain",
                      "required": true
                    }
                  },
                  "description": "A host member specification.",
                  "description_kind": "plain"
                }
              },
              "pvlan_mapping": {
                "nesting_mode": "set",
                "block": {
                  "attributes": {
                    "primary_vlan_id": {
                      "type": "number",
                      "description": "The primary VLAN ID. The VLAN IDs of 0 and 4095 are reserved and cannot be used in this property.",
                      "description_kind": "plain",
                      "required": true
                    },
                    "pvlan_type": {
                      "type": "string",
                      "description": "The private VLAN type. Valid values are promiscuous, community and isolated.",
                      "description_kind": "plain",
                      "required": true
                    },
                    "secondary_vlan_id": {
                      "type": "number",
                      "description": "The secondary VLAN ID. The VLAN IDs of 0 and 4095 are reserved and cannot be used in this property.",
                      "description_kind": "plain",
                      "required": true
                    }
                  },
                  "description": "A private VLAN (PVLAN) mapping.",
                  "description_kind": "plain"
                }
              },
              "vlan_range": {
                "nesting_mode": "set",
                "block": {
                  "attributes": {
                    "max_vlan": {
                      "type": "number",
                      "description": "The minimum VLAN to use in the range.",
                      "description_kind": "plain",
                      "required": true
                    },
                    "min_vlan": {
                      "type": "number",
                      "description": "The minimum VLAN to use in the range.",
                      "description_kind": "plain",
                      "required": true
                    }
                  },
                  "description": "The VLAN ID for single VLAN mode. 0 denotes no VLAN.",
                  "description_kind": "plain"
                }
              }
            },
            "description_kind": "plain"
          }
        },
        "vsphere_dpm_host_override": {
          "version": 0,
          "block": {
            "attributes": {
              "compute_cluster_id": {
                "type": "string",
                "description": "The managed object ID of the cluster.",
                "description_kind": "plain",
                "required": true
              },
              "dpm_automation_level": {
                "type": "string",
                "description": "The automation level for power operations on this host. Can be one of manual or automated.",
                "description_kind": "plain",
                "optional": true
              },
              "dpm_enabled": {
                "type": "bool",
                "description": "Enable DPM for this host.",
                "description_kind": "plain",
                "optional": true
              },
              "host_system_id": {
                "type": "string",
                "description": "The managed object ID of the host.",
                "description_kind": "plain",
                "required": true
              },
              "id": {
                "type": "string",
                "description_kind": "plain",
                "optional": true,
                "computed": true
              }
            },
            "description_kind": "plain"
          }
        },
        "vsphere_drs_vm_override": {
          "version": 0,
          "block": {
            "attributes": {
              "compute_cluster_id": {
                "type": "string",
                "description": "The managed object ID of the cluster.",
                "description_kind": "plain",
                "required": true
              },
              "drs_automation_level": {
                "type": "string",
                "description": "The automation level for this virtual machine in the cluster. Can be one of manual, partiallyAutomated, or fullyAutomated.",
                "description_kind": "plain",
                "optional": true
              },
              "drs_enabled": {
                "type": "bool",
                "description": "Enable DRS for this virtual machine.",
                "description_kind": "plain",
                "optional": true
              },
              "id": {
                "type": "string",
                "description_kind": "plain",
                "optional": true,
                "computed": true
              },
              "virtual_machine_id": {
                "type": "string",
                "description": "The managed object ID of the virtual machine.",
                "description_kind": "plain",
                "required": true
              }
            },
            "description_kind": "plain"
          }
        },
        "vsphere_entity_permissions": {
          "version": 0,
          "block": {
            "attributes": {
              "entity_id": {
                "type": "string",
                "description": "The managed object id or uuid of the entity.",
                "description_kind": "plain",
                "required": true
              },
              "entity_type": {
                "type": "string",
                "description": "The entity managed object type.",
                "description_kind": "plain",
                "required": true
              },
              "id": {
                "type": "string",
                "description_kind": "plain",
                "optional": true,
                "computed": true
              }
            },
            "block_types": {
              "permissions": {
                "nesting_mode": "list",
                "block": {
                  "attributes": {
                    "is_group": {
                      "type": "bool",
                      "description": "Whether user_or_group field refers to a user or a group. True for a group and false for a user.",
                      "description_kind": "plain",
                      "required": true
                    },
                    "propagate": {
                      "type": "bool",
                      "description": "Whether or not this permission propagates down the hierarchy to sub-entities.",
                      "description_kind": "plain",
                      "required": true
                    },
                    "role_id": {
                      "type": "string",
                      "description": "Reference to the role providing the access.",
                      "description_kind": "plain",
                      "required": true
                    },
                    "user_or_group": {
                      "type": "string",
                      "description": "User or group receiving access.",
                      "description_kind": "plain",
                      "required": true
                    }
                  },
                  "description": "Permissions to be given to the entity.",
                  "description_kind": "plain"
                },
                "min_items": 1
              }
            },
            "description_kind": "plain"
          }
        },
        "vsphere_file": {
          "version": 0,
          "block": {
            "attributes": {
              "create_directories": {
                "type": "bool",
                "description_kind": "plain",
                "optional": true
              },
              "datacenter": {
                "type": "string",
                "description_kind": "plain",
                "optional": true
              },
              "datastore": {
                "type": "string",
                "description_kind": "plain",
                "required": true
              },
              "destination_file": {
                "type": "string",
                "description_kind": "plain",
                "required": true
              },
              "id": {
                "type": "string",
                "description_kind": "plain",
                "optional": true,
                "computed": true
              },
              "source_datacenter": {
                "type": "string",
                "description_kind": "plain",
                "optional": true
              },
              "source_datastore": {
                "type": "string",
                "description_kind": "plain",
                "optional": true
              },
              "source_file": {
                "type": "string",
                "description_kind": "plain",
                "required": true
              }
            },
            "description_kind": "plain"
          }
        },
        "vsphere_folder": {
          "version": 1,
          "block": {
            "attributes": {
              "custom_attributes": {
                "type": [
                  "map",
                  "string"
                ],
                "description": "A list of custom attributes to set on this resource.",
                "description_kind": "plain",
                "optional": true
              },
              "datacenter_id": {
                "type": "string",
                "description": "The ID of the datacenter. Can be ignored if creating a datacenter folder, otherwise required.",
                "description_kind": "plain",
                "optional": true
              },
              "id": {
                "type": "string",
                "description_kind": "plain",
                "optional": true,
                "computed": true
              },
              "path": {
                "type": "string",
                "description": "The path of the folder and any parents, relative to the datacenter and folder type being defined.",
                "description_kind": "plain",
                "required": true
              },
              "tags": {
                "type": [
                  "set",
                  "string"
                ],
                "description": "A list of tag IDs to apply to this object.",
                "description_kind": "plain",
                "optional": true
              },
              "type": {
                "type": "string",
                "description": "The type of the folder.",
                "description_kind": "plain",
                "required": true
              }
            },
            "description_kind": "plain"
          }
        },
        "vsphere_guest_os_customization": {
          "version": 0,
          "block": {
            "attributes": {
              "change_version": {
                "type": "string",
                "description": "The number of last changed version to the customization specification.",
                "description_kind": "plain",
                "computed": true
              },
              "description": {
                "type": "string",
                "description": "The description for the customization specification.",
                "description_kind": "plain",
                "optional": true
              },
              "id": {
                "type": "string",
                "description_kind": "plain",
                "optional": true,
                "computed": true
              },
              "last_update_time": {
                "type": "string",
                "description": "The time of last modification to the customization specification.",
                "description_kind": "plain",
                "computed": true
              },
              "name": {
                "type": "string",
                "description": "The name of the customization specification is the unique identifier per vCenter Server instance.",
                "description_kind": "plain",
                "required": true
              },
              "type": {
                "type": "string",
                "description": "The type of customization specification: One among: Windows, Linux.",
                "description_kind": "plain",
                "required": true
              }
            },
            "block_types": {
              "spec": {
                "nesting_mode": "list",
                "block": {
                  "attributes": {
                    "dns_server_list": {
                      "type": [
                        "list",
                        "string"
                      ],
                      "description": "The list of DNS servers for a virtual network adapter with a static IP address.",
                      "description_kind": "plain",
                      "optional": true
                    },
                    "dns_suffix_list": {
                      "type": [
                        "list",
                        "string"
                      ],
                      "description": "A list of DNS search domains to add to the DNS configuration on the virtual machine.",
                      "description_kind": "plain",
                      "optional": true
                    },
                    "ipv4_gateway": {
                      "type": "string",
                      "description": "The IPv4 default gateway when using network_interface customization on the virtual machine. This address must be local to a static IPv4 address configured in an interface sub-resource.",
                      "description_kind": "plain",
                      "optional": true
                    },
                    "ipv6_gateway": {
                      "type": "string",
                      "description": "The IPv6 default gateway when using network_interface customization on the virtual machine. This address must be local to a static IPv4 address configured in an interface sub-resource.",
                      "description_kind": "plain",
                      "optional": true
                    },
                    "windows_sysprep_text": {
                      "type": "string",
                      "description": "Use this option to specify a windows sysprep file directly.",
                      "description_kind": "plain",
                      "optional": true,
                      "sensitive": true
                    }
                  },
                  "block_types": {
                    "linux_options": {
                      "nesting_mode": "list",
                      "block": {
                        "attributes": {
                          "domain": {
                            "type": "string",
                            "description": "The domain name for this virtual machine.",
                            "description_kind": "plain",
                            "required": true
                          },
                          "host_name": {
                            "type": "string",
                            "description": "The hostname for this virtual machine.",
                            "description_kind": "plain",
                            "required": true
                          },
                          "hw_clock_utc": {
                            "type": "bool",
                            "description": "Specifies whether or not the hardware clock should be in UTC or not.",
                            "description_kind": "plain",
                            "optional": true
                          },
                          "script_text": {
                            "type": "string",
                            "description": "The customization script to run before and or after guest customization",
                            "description_kind": "plain",
                            "optional": true,
                            "sensitive": true
                          },
                          "time_zone": {
                            "type": "string",
                            "description": "Customize the time zone on the VM. This should be a time zone-style entry, like America/Los_Angeles.",
                            "description_kind": "plain",
                            "optional": true
                          }
                        },
                        "description": "A list of configuration options specific to Linux virtual machines.",
                        "description_kind": "plain"
                      },
                      "max_items": 1
                    },
                    "network_interface": {
                      "nesting_mode": "list",
                      "block": {
                        "attributes": {
                          "dns_domain": {
                            "type": "string",
                            "description": "A DNS search domain to add to the DNS configuration on the virtual machine.",
                            "description_kind": "plain",
                            "optional": true
                          },
                          "dns_server_list": {
                            "type": [
                              "list",
                              "string"
                            ],
                            "description": "Network-interface specific DNS settings for Windows operating systems. Ignored on Linux.",
                            "description_kind": "plain",
                            "optional": true
                          },
                          "ipv4_address": {
                            "type": "string",
                            "description": "The IPv4 address assigned to this network adapter. If left blank, DHCP is used.",
                            "description_kind": "plain",
                            "optional": true
                          },
                          "ipv4_netmask": {
                            "type": "number",
                            "description": "The IPv4 CIDR netmask for the supplied IP address. Ignored if DHCP is selected.",
                            "description_kind": "plain",
                            "optional": true
                          },
                          "ipv6_address": {
                            "type": "string",
                            "description": "The IPv6 address assigned to this network adapter. If left blank, default auto-configuration is used.",
                            "description_kind": "plain",
                            "optional": true
                          },
                          "ipv6_netmask": {
                            "type": "number",
                            "description": "The IPv6 CIDR netmask for the supplied IP address. Ignored if auto-configuration is selected.",
                            "description_kind": "plain",
                            "optional": true
                          }
                        },
                        "description": "A specification of network interface configuration options.",
                        "description_kind": "plain"
                      }
                    },
                    "windows_options": {
                      "nesting_mode": "list",
                      "block": {
                        "attributes": {
                          "admin_password": {
                            "type": "string",
                            "description": "The new administrator password for this virtual machine.",
                            "description_kind": "plain",
                            "optional": true,
                            "sensitive": true
                          },
                          "auto_logon": {
                            "type": "bool",
                            "description": "Specifies whether or not the VM automatically logs on as Administrator.",
                            "description_kind": "plain",
                            "optional": true
                          },
                          "auto_logon_count": {
                            "type": "number",
                            "description": "Specifies how many times the VM should auto-logon the Administrator account when auto_logon is true.",
                            "description_kind": "plain",
                            "optional": true
                          },
                          "computer_name": {
                            "type": "string",
                            "description": "The host name for this virtual machine.",
                            "description_kind": "plain",
                            "required": true
                          },
                          "domain_admin_password": {
                            "type": "string",
                            "description": "The password of the domain administrator used to join this virtual machine to the domain.",
                            "description_kind": "plain",
                            "optional": true,
                            "sensitive": true
                          },
                          "domain_admin_user": {
                            "type": "string",
                            "description": "The user account of the domain administrator used to join this virtual machine to the domain.",
                            "description_kind": "plain",
                            "optional": true
                          },
                          "full_name": {
                            "type": "string",
                            "description": "The full name of the user of this virtual machine.",
                            "description_kind": "plain",
                            "optional": true
                          },
                          "join_domain": {
                            "type": "string",
                            "description": "The domain that the virtual machine should join.",
                            "description_kind": "plain",
                            "optional": true
                          },
                          "organization_name": {
                            "type": "string",
                            "description": "The organization name this virtual machine is being installed for.",
                            "description_kind": "plain",
                            "optional": true
                          },
                          "product_key": {
                            "type": "string",
                            "description": "The product key for this virtual machine.",
                            "description_kind": "plain",
                            "optional": true,
                            "sensitive": true
                          },
                          "run_once_command_list": {
                            "type": [
                              "list",
                              "string"
                            ],
                            "description": "A list of commands to run at first user logon, after guest customization.",
                            "description_kind": "plain",
                            "optional": true
                          },
                          "time_zone": {
                            "type": "number",
                            "description": "The new time zone for the virtual machine. This is a sysprep-dictated timezone code.",
                            "description_kind": "plain",
                            "optional": true
                          },
                          "workgroup": {
                            "type": "string",
                            "description": "The workgroup for this virtual machine if not joining a domain.",
                            "description_kind": "plain",
                            "optional": true
                          }
                        },
                        "description": "A list of configuration options specific to Windows virtual machines.",
                        "description_kind": "plain"
                      },
                      "max_items": 1
                    }
                  },
                  "description_kind": "plain"
                },
                "min_items": 1,
                "max_items": 1
              }
            },
            "description_kind": "plain"
          }
        },
        "vsphere_ha_vm_override": {
          "version": 0,
          "block": {
            "attributes": {
              "compute_cluster_id": {
                "type": "string",
                "description": "The managed object ID of the cluster.",
                "description_kind": "plain",
                "required": true
              },
              "ha_datastore_apd_recovery_action": {
                "type": "string",
                "description": "Controls the action to take on this virtual machine if an APD status on an affected datastore clears in the middle of an APD event. Can be one of useClusterDefault, none or reset.",
                "description_kind": "plain",
                "optional": true
              },
              "ha_datastore_apd_response": {
                "type": "string",
                "description": "Controls the action to take on this virtual machine when the cluster has detected loss to all paths to a relevant datastore. Can be one of clusterDefault, disabled, warning, restartConservative, or restartAggressive.",
                "description_kind": "plain",
                "optional": true
              },
              "ha_datastore_apd_response_delay": {
                "type": "number",
                "description": "Controls the delay in seconds to wait after an APD timeout event to execute the response action defined in ha_datastore_apd_response. Specify -1 to use the cluster setting.",
                "description_kind": "plain",
                "optional": true
              },
              "ha_datastore_pdl_response": {
                "type": "string",
                "description": "Controls the action to take on this virtual machine when the cluster has detected a permanent device loss to a relevant datastore. Can be one of clusterDefault, disabled, warning, or restartAggressive.",
                "description_kind": "plain",
                "optional": true
              },
              "ha_host_isolation_response": {
                "type": "string",
                "description": "The action to take on this virtual machine when a host is isolated from the rest of the cluster. Can be one of clusterIsolationResponse, none, powerOff, or shutdown.",
                "description_kind": "plain",
                "optional": true
              },
              "ha_vm_failure_interval": {
                "type": "number",
                "description": "If a heartbeat from this virtual machine is not received within this configured interval, the virtual machine is marked as failed. The value is in seconds.",
                "description_kind": "plain",
                "optional": true
              },
              "ha_vm_maximum_failure_window": {
                "type": "number",
                "description": "The length of the reset window in which ha_vm_maximum_resets can operate. When this window expires, no more resets are attempted regardless of the setting configured in ha_vm_maximum_resets. -1 means no window, meaning an unlimited reset time is allotted.",
                "description_kind": "plain",
                "optional": true
              },
              "ha_vm_maximum_resets": {
                "type": "number",
                "description": "The maximum number of resets that HA will perform to this virtual machine when responding to a failure event.",
                "description_kind": "plain",
                "optional": true
              },
              "ha_vm_minimum_uptime": {
                "type": "number",
                "description": "The time, in seconds, that HA waits after powering on this virtual machine before monitoring for heartbeats.",
                "description_kind": "plain",
                "optional": true
              },
              "ha_vm_monitoring": {
                "type": "string",
                "description": "The type of virtual machine monitoring to use for this virtual machine. Can be one of vmMonitoringDisabled, vmMonitoringOnly, or vmAndAppMonitoring.",
                "description_kind": "plain",
                "optional": true
              },
              "ha_vm_monitoring_use_cluster_defaults": {
                "type": "bool",
                "description": "Determines whether or not the cluster's default settings or the VM override settings specified in this resource are used for virtual machine monitoring. The default is true (use cluster defaults) - set to false to have overrides take effect.",
                "description_kind": "plain",
                "optional": true
              },
              "ha_vm_restart_priority": {
                "type": "string",
                "description": "The restart priority for this virtual machine when vSphere detects a host failure. Can be one of clusterRestartPriority, lowest, low, medium, high, or highest.",
                "description_kind": "plain",
                "optional": true
              },
              "ha_vm_restart_timeout": {
                "type": "number",
                "description": "The maximum time, in seconds, that vSphere HA will wait for the virtual machine to be ready. Use -1 to use the cluster default.",
                "description_kind": "plain",
                "optional": true
              },
              "id": {
                "type": "string",
                "description_kind": "plain",
                "optional": true,
                "computed": true
              },
              "virtual_machine_id": {
                "type": "string",
                "description": "The managed object ID of the virtual machine.",
                "description_kind": "plain",
                "required": true
              }
            },
            "description_kind": "plain"
          }
        },
        "vsphere_host": {
          "version": 0,
          "block": {
            "attributes": {
              "cluster": {
                "type": "string",
                "description": "ID of the vSphere cluster the host will belong to.",
                "description_kind": "plain",
                "optional": true
              },
              "cluster_managed": {
                "type": "bool",
                "description": "Must be set if host is a member of a managed compute_cluster resource.",
                "description_kind": "plain",
                "optional": true
              },
              "connected": {
                "type": "bool",
                "description": "Set the state of the host. If set to false then the host will be asked to disconnect.",
                "description_kind": "plain",
                "optional": true
              },
              "custom_attributes": {
                "type": [
                  "map",
                  "string"
                ],
                "description": "A list of custom attributes to set on this resource.",
                "description_kind": "plain",
                "optional": true
              },
              "datacenter": {
                "type": "string",
                "description": "ID of the vSphere datacenter the host will belong to.",
                "description_kind": "plain",
                "optional": true
              },
              "force": {
                "type": "bool",
                "description": "Force add the host to the vSphere inventory even if it's already managed by a different vCenter Server instance.",
                "description_kind": "plain",
                "optional": true
              },
              "hostname": {
                "type": "string",
                "description": "FQDN or IP address of the host.",
                "description_kind": "plain",
                "required": true
              },
              "id": {
                "type": "string",
                "description_kind": "plain",
                "optional": true,
                "computed": true
              },
              "license": {
                "type": "string",
                "description": "License key that will be applied to this host.",
                "description_kind": "plain",
                "optional": true
              },
              "lockdown": {
                "type": "string",
                "description": "Set the host's lockdown status. Default is disabled. Valid options are 'disabled', 'normal', 'strict'",
                "description_kind": "plain",
                "optional": true
              },
              "maintenance": {
                "type": "bool",
                "description": "Set the host's maintenance mode. Default is false",
                "description_kind": "plain",
                "optional": true
              },
              "password": {
                "type": "string",
                "description": "Password of the administration account of the host.",
                "description_kind": "plain",
                "required": true,
                "sensitive": true
              },
              "tags": {
                "type": [
                  "set",
                  "string"
                ],
                "description": "A list of tag IDs to apply to this object.",
                "description_kind": "plain",
                "optional": true
              },
              "thumbprint": {
                "type": "string",
                "description": "Host's certificate SHA-1 thumbprint. If not set then the CA that signed the host's certificate must be trusted.",
                "description_kind": "plain",
                "optional": true
              },
              "username": {
                "type": "string",
                "description": "Username of the administration account of the host.",
                "description_kind": "plain",
                "required": true
              }
            },
            "description_kind": "plain"
          }
        },
        "vsphere_host_port_group": {
          "version": 0,
          "block": {
            "attributes": {
              "active_nics": {
                "type": [
                  "list",
                  "string"
                ],
                "description": "List of active network adapters used for load balancing.",
                "description_kind": "plain",
                "optional": true
              },
              "allow_forged_transmits": {
                "type": "bool",
                "description": "Controls whether or not the virtual network adapter is allowed to send network traffic with a different MAC address than that of its own.",
                "description_kind": "plain",
                "optional": true
              },
              "allow_mac_changes": {
                "type": "bool",
                "description": "Controls whether or not the Media Access Control (MAC) address can be changed.",
                "description_kind": "plain",
                "optional": true
              },
              "allow_promiscuous": {
                "type": "bool",
                "description": "Enable promiscuous mode on the network. This flag indicates whether or not all traffic is seen on a given port.",
                "description_kind": "plain",
                "optional": true
              },
              "check_beacon": {
                "type": "bool",
                "description": "Enable beacon probing. Requires that the vSwitch has been configured to use a beacon. If disabled, link status is used only.",
                "description_kind": "plain",
                "optional": true
              },
              "computed_policy": {
                "type": [
                  "map",
                  "string"
                ],
                "description": "The effective network policy after inheritance. Note that this will look similar to, but is not the same, as the policy attributes defined in this resource.",
                "description_kind": "plain",
                "computed": true
              },
              "failback": {
                "type": "bool",
                "description": "If true, the teaming policy will re-activate failed interfaces higher in precedence when they come back up.",
                "description_kind": "plain",
                "optional": true
              },
              "host_system_id": {
                "type": "string",
                "description": "The managed object ID of the host to set the virtual switch up on.",
                "description_kind": "plain",
                "required": true
              },
              "id": {
                "type": "string",
                "description_kind": "plain",
                "optional": true,
                "computed": true
              },
              "key": {
                "type": "string",
                "description": "The linkable identifier for this port group.",
                "description_kind": "plain",
                "computed": true
              },
              "name": {
                "type": "string",
                "description": "The name of the port group.",
                "description_kind": "plain",
                "required": true
              },
              "notify_switches": {
                "type": "bool",
                "description": "If true, the teaming policy will notify the broadcast network of a NIC failover, triggering cache updates.",
                "description_kind": "plain",
                "optional": true
              },
              "ports": {
                "type": [
                  "list",
                  [
                    "object",
                    {
                      "key": "string",
                      "mac_addresses": [
                        "list",
                        "string"
                      ],
                      "type": "string"
                    }
                  ]
                ],
                "description": "The ports that currently exist and are used on this port group.",
                "description_kind": "plain",
                "computed": true
              },
              "shaping_average_bandwidth": {
                "type": "number",
                "description": "The average bandwidth in bits per second if traffic shaping is enabled.",
                "description_kind": "plain",
                "optional": true
              },
              "shaping_burst_size": {
                "type": "number",
                "description": "The maximum burst size allowed in bytes if traffic shaping is enabled.",
                "description_kind": "plain",
                "optional": true
              },
              "shaping_enabled": {
                "type": "bool",
                "description": "Enable traffic shaping on this virtual switch or port group.",
                "description_kind": "plain",
                "optional": true
              },
              "shaping_peak_bandwidth": {
                "type": "number",
                "description": "The peak bandwidth during bursts in bits per second if traffic shaping is enabled.",
                "description_kind": "plain",
                "optional": true
              },
              "standby_nics": {
                "type": [
                  "list",
                  "string"
                ],
                "description": "List of standby network adapters used for failover.",
                "description_kind": "plain",
                "optional": true
              },
              "teaming_policy": {
                "type": "string",
                "description": "The network adapter teaming policy. Can be one of loadbalance_ip, loadbalance_srcmac, loadbalance_srcid, or failover_explicit.",
                "description_kind": "plain",
                "optional": true
              },
              "virtual_switch_name": {
                "type": "string",
                "description": "The name of the virtual switch to bind this port group to.",
                "description_kind": "plain",
                "required": true
              },
              "vlan_id": {
                "type": "number",
                "description": "The VLAN ID/trunk mode for this port group. An ID of 0 denotes no tagging, an ID of 1-4094 tags with the specific ID, and an ID of 4095 enables trunk mode, allowing the guest to manage its own tagging.",
                "description_kind": "plain",
                "optional": true
              }
            },
            "description_kind": "plain"
          }
        },
        "vsphere_host_virtual_switch": {
          "version": 0,
          "block": {
            "attributes": {
              "active_nics": {
                "type": [
                  "list",
                  "string"
                ],
                "description": "List of active network adapters used for load balancing.",
                "description_kind": "plain",
                "required": true
              },
              "allow_forged_transmits": {
                "type": "bool",
                "description": "Controls whether or not the virtual network adapter is allowed to send network traffic with a different MAC address than that of its own.",
                "description_kind": "plain",
                "optional": true
              },
              "allow_mac_changes": {
                "type": "bool",
                "description": "Controls whether or not the Media Access Control (MAC) address can be changed.",
                "description_kind": "plain",
                "optional": true
              },
              "allow_promiscuous": {
                "type": "bool",
                "description": "Enable promiscuous mode on the network. This flag indicates whether or not all traffic is seen on a given port.",
                "description_kind": "plain",
                "optional": true
              },
              "beacon_interval": {
                "type": "number",
                "description": "Determines how often, in seconds, a beacon should be sent to probe for the validity of a link.",
                "description_kind": "plain",
                "optional": true
              },
              "check_beacon": {
                "type": "bool",
                "description": "Enable beacon probing. Requires that the vSwitch has been configured to use a beacon. If disabled, link status is used only.",
                "description_kind": "plain",
                "optional": true
              },
              "failback": {
                "type": "bool",
                "description": "If true, the teaming policy will re-activate failed interfaces higher in precedence when they come back up.",
                "description_kind": "plain",
                "optional": true
              },
              "host_system_id": {
                "type": "string",
                "description": "The managed object ID of the host to set the virtual switch up on.",
                "description_kind": "plain",
                "required": true
              },
              "id": {
                "type": "string",
                "description_kind": "plain",
                "optional": true,
                "computed": true
              },
              "link_discovery_operation": {
                "type": "string",
                "description": "Whether to advertise or listen for link discovery. Valid values are advertise, both, listen, and none.",
                "description_kind": "plain",
                "optional": true
              },
              "link_discovery_protocol": {
                "type": "string",
                "description": "The discovery protocol type. Valid values are cdp and lldp.",
                "description_kind": "plain",
                "optional": true
              },
              "mtu": {
                "type": "number",
                "description": "The maximum transmission unit (MTU) of the virtual switch in bytes.",
                "description_kind": "plain",
                "optional": true
              },
              "name": {
                "type": "string",
                "description": "The name of the virtual switch.",
                "description_kind": "plain",
                "required": true
              },
              "network_adapters": {
                "type": [
                  "list",
                  "string"
                ],
                "description": "The list of network adapters to bind to this virtual switch.",
                "description_kind": "plain",
                "required": true
              },
              "notify_switches": {
                "type": "bool",
                "description": "If true, the teaming policy will notify the broadcast network of a NIC failover, triggering cache updates.",
                "description_kind": "plain",
                "optional": true
              },
              "number_of_ports": {
                "type": "number",
                "description": "The number of ports that this virtual switch is configured to use.",
                "description_kind": "plain",
                "optional": true
              },
              "shaping_average_bandwidth": {
                "type": "number",
                "description": "The average bandwidth in bits per second if traffic shaping is enabled.",
                "description_kind": "plain",
                "optional": true
              },
              "shaping_burst_size": {
                "type": "number",
                "description": "The maximum burst size allowed in bytes if traffic shaping is enabled.",
                "description_kind": "plain",
                "optional": true
              },
              "shaping_enabled": {
                "type": "bool",
                "description": "Enable traffic shaping on this virtual switch or port group.",
                "description_kind": "plain",
                "optional": true
              },
              "shaping_peak_bandwidth": {
                "type": "number",
                "description": "The peak bandwidth during bursts in bits per second if traffic shaping is enabled.",
                "description_kind": "plain",
                "optional": true
              },
              "standby_nics": {
                "type": [
                  "list",
                  "string"
                ],
                "description": "List of standby network adapters used for failover.",
                "description_kind": "plain",
                "optional": true
              },
              "teaming_policy": {
                "type": "string",
                "description": "The network adapter teaming policy. Can be one of loadbalance_ip, loadbalance_srcmac, loadbalance_srcid, or failover_explicit.",
                "description_kind": "plain",
                "optional": true
              }
            },
            "description_kind": "plain"
          }
        },
        "vsphere_license": {
          "version": 1,
          "block": {
            "attributes": {
              "edition_key": {
                "type": "string",
                "description_kind": "plain",
                "computed": true
              },
              "id": {
                "type": "string",
                "description_kind": "plain",
                "optional": true,
                "computed": true
              },
              "labels": {
                "type": [
                  "map",
                  "string"
                ],
                "description_kind": "plain",
                "optional": true
              },
              "license_key": {
                "type": "string",
                "description_kind": "plain",
                "required": true
              },
              "name": {
                "type": "string",
                "description_kind": "plain",
                "computed": true
              },
              "total": {
                "type": "number",
                "description_kind": "plain",
                "computed": true
              },
              "used": {
                "type": "number",
                "description_kind": "plain",
                "computed": true
              }
            },
            "description_kind": "plain"
          }
        },
        "vsphere_nas_datastore": {
          "version": 0,
          "block": {
            "attributes": {
              "access_mode": {
                "type": "string",
                "description": "Access mode for the mount point. Can be one of readOnly or readWrite.",
                "description_kind": "plain",
                "optional": true
              },
              "accessible": {
                "type": "bool",
                "description": "The connectivity status of the datastore. If this is false, some other computed attributes may be out of date.",
                "description_kind": "plain",
                "computed": true
              },
              "capacity": {
                "type": "number",
                "description": "Maximum capacity of the datastore, in MB.",
                "description_kind": "plain",
                "computed": true
              },
              "custom_attributes": {
                "type": [
                  "map",
                  "string"
                ],
                "description": "A list of custom attributes to set on this resource.",
                "description_kind": "plain",
                "optional": true
              },
              "datastore_cluster_id": {
                "type": "string",
                "description": "The managed object ID of the datastore cluster to place the datastore in.",
                "description_kind": "plain",
                "optional": true
              },
              "folder": {
                "type": "string",
                "description": "The path to the datastore folder to put the datastore in.",
                "description_kind": "plain",
                "optional": true
              },
              "free_space": {
                "type": "number",
                "description": "Available space of this datastore, in MB.",
                "description_kind": "plain",
                "computed": true
              },
              "host_system_ids": {
                "type": [
                  "set",
                  "string"
                ],
                "description": "The managed object IDs of the hosts to mount the datastore on.",
                "description_kind": "plain",
                "required": true
              },
              "id": {
                "type": "string",
                "description_kind": "plain",
                "optional": true,
                "computed": true
              },
              "maintenance_mode": {
                "type": "string",
                "description": "The current maintenance mode state of the datastore.",
                "description_kind": "plain",
                "computed": true
              },
              "multiple_host_access": {
                "type": "bool",
                "description": "If true, more than one host in the datacenter has been configured with access to the datastore.",
                "description_kind": "plain",
                "computed": true
              },
              "name": {
                "type": "string",
                "description": "The name of the datastore.",
                "description_kind": "plain",
                "required": true
              },
              "protocol_endpoint": {
                "type": "bool",
                "description": "Indicates that this NAS volume is a protocol endpoint. This field is only populated if the host supports virtual datastores.",
                "description_kind": "plain",
                "computed": true
              },
              "remote_hosts": {
                "type": [
                  "list",
                  "string"
                ],
                "description": "The hostnames or IP addresses of the remote server or servers. Only one element should be present for NFS v3 but multiple can be present for NFS v4.1.",
                "description_kind": "plain",
                "required": true
              },
              "remote_path": {
                "type": "string",
                "description": "The remote path of the mount point.",
                "description_kind": "plain",
                "required": true
              },
              "security_type": {
                "type": "string",
                "description": "The security type to use.",
                "description_kind": "plain",
                "optional": true
              },
              "tags": {
                "type": [
                  "set",
                  "string"
                ],
                "description": "A list of tag IDs to apply to this object.",
                "description_kind": "plain",
                "optional": true
              },
              "type": {
                "type": "string",
                "description": "The type of NAS volume. Can be one of NFS (to denote v3) or NFS41 (to denote NFS v4.1).",
                "description_kind": "plain",
                "optional": true
              },
              "uncommitted_space": {
                "type": "number",
                "description": "Total additional storage space, in MB, potentially used by all virtual machines on this datastore.",
                "description_kind": "plain",
                "computed": true
              },
              "url": {
                "type": "string",
                "description": "The unique locator for the datastore.",
                "description_kind": "plain",
                "computed": true
              }
            },
            "description_kind": "plain"
          }
        },
        "vsphere_resource_pool": {
          "version": 0,
          "block": {
            "attributes": {
              "cpu_expandable": {
                "type": "bool",
                "description": "Determines if the reservation on a resource pool can grow beyond the specified value, if the parent resource pool has unreserved resources.",
                "description_kind": "plain",
                "optional": true
              },
              "cpu_limit": {
                "type": "number",
                "description": "The utilization of a resource pool will not exceed this limit, even if there are available resources. Set to -1 for unlimited.",
                "description_kind": "plain",
                "optional": true
              },
              "cpu_reservation": {
                "type": "number",
                "description": "Amount of CPU (MHz) that is guaranteed available to the resource pool.",
                "description_kind": "plain",
                "optional": true
              },
              "cpu_share_level": {
                "type": "string",
                "description": "The allocation level. The level is a simplified view of shares. Levels map to a pre-determined set of numeric values for shares. Can be one of low, normal, high, or custom.",
                "description_kind": "plain",
                "optional": true
              },
              "cpu_shares": {
                "type": "number",
                "description": "The number of shares allocated. Used to determine resource allocation in case of resource contention. If this is set, cpu_share_level must be custom.",
                "description_kind": "plain",
                "optional": true,
                "computed": true
              },
              "custom_attributes": {
                "type": [
                  "map",
                  "string"
                ],
                "description": "A list of custom attributes to set on this resource.",
                "description_kind": "plain",
                "optional": true
              },
              "id": {
                "type": "string",
                "description_kind": "plain",
                "optional": true,
                "computed": true
              },
              "memory_expandable": {
                "type": "bool",
                "description": "Determines if the reservation on a resource pool can grow beyond the specified value, if the parent resource pool has unreserved resources.",
                "description_kind": "plain",
                "optional": true
              },
              "memory_limit": {
                "type": "number",
                "description": "The utilization of a resource pool will not exceed this limit, even if there are available resources. Set to -1 for unlimited.",
                "description_kind": "plain",
                "optional": true
              },
              "memory_reservation": {
                "type": "number",
                "description": "Amount of memory (MB) that is guaranteed available to the resource pool.",
                "description_kind": "plain",
                "optional": true
              },
              "memory_share_level": {
                "type": "string",
                "description": "The allocation level. The level is a simplified view of shares. Levels map to a pre-determined set of numeric values for shares. Can be one of low, normal, high, or custom.",
                "description_kind": "plain",
                "optional": true
              },
              "memory_shares": {
                "type": "number",
                "description": "The number of shares allocated. Used to determine resource allocation in case of resource contention. If this is set, memory_share_level must be custom.",
                "description_kind": "plain",
                "optional": true,
                "computed": true
              },
              "name": {
                "type": "string",
                "description": "Name of resource pool.",
                "description_kind": "plain",
                "required": true
              },
              "parent_resource_pool_id": {
                "type": "string",
                "description": "The ID of the root resource pool of the compute resource the resource pool is in.",
                "description_kind": "plain",
                "required": true
              },
              "scale_descendants_shares": {
                "type": "string",
                "description": "Determines if the shares of all descendants of the resource pool are scaled up or down when the shares of the resource pool are scaled up or down.",
                "description_kind": "plain",
                "optional": true
              },
              "tags": {
                "type": [
                  "set",
                  "string"
                ],
                "description": "A list of tag IDs to apply to this object.",
                "description_kind": "plain",
                "optional": true
              }
            },
            "description_kind": "plain"
          }
        },
        "vsphere_role": {
          "version": 0,
          "block": {
            "attributes": {
              "id": {
                "type": "string",
                "description_kind": "plain",
                "optional": true,
                "computed": true
              },
              "label": {
                "type": "string",
                "description": "The display label of the role.",
                "description_kind": "plain",
                "computed": true
              },
              "name": {
                "type": "string",
                "description": "Name of the storage policy.",
                "description_kind": "plain",
                "required": true
              },
              "role_privileges": {
                "type": [
                  "list",
                  "string"
                ],
                "description": "The privileges to be associated with the role.",
                "description_kind": "plain",
                "optional": true
              }
            },
            "description_kind": "plain"
          }
        },
        "vsphere_storage_drs_vm_override": {
          "version": 0,
          "block": {
            "attributes": {
              "datastore_cluster_id": {
                "type": "string",
                "description": "The managed object ID of the datastore cluster.",
                "description_kind": "plain",
                "required": true
              },
              "id": {
                "type": "string",
                "description_kind": "plain",
                "optional": true,
                "computed": true
              },
              "sdrs_automation_level": {
                "type": "string",
                "description": "Overrides any Storage DRS automation levels for this virtual machine.",
                "description_kind": "plain",
                "optional": true
              },
              "sdrs_enabled": {
                "type": "string",
                "description": "Overrides the default Storage DRS setting for this virtual machine.",
                "description_kind": "plain",
                "optional": true
              },
              "sdrs_intra_vm_affinity": {
                "type": "string",
                "description": "Overrides the intra-VM affinity setting for this virtual machine.",
                "description_kind": "plain",
                "optional": true
              },
              "virtual_machine_id": {
                "type": "string",
                "description": "The managed object ID of the virtual machine.",
                "description_kind": "plain",
                "required": true
              }
            },
            "description_kind": "plain"
          }
        },
        "vsphere_tag": {
          "version": 0,
          "block": {
            "attributes": {
              "category_id": {
                "type": "string",
                "description": "The unique identifier of the parent category in which this tag will be created.",
                "description_kind": "plain",
                "required": true
              },
              "description": {
                "type": "string",
                "description": "The description of the tag.",
                "description_kind": "plain",
                "optional": true
              },
              "id": {
                "type": "string",
                "description_kind": "plain",
                "optional": true,
                "computed": true
              },
              "name": {
                "type": "string",
                "description": "The display name of the tag. The name must be unique within its category.",
                "description_kind": "plain",
                "required": true
              }
            },
            "description_kind": "plain"
          }
        },
        "vsphere_tag_category": {
          "version": 0,
          "block": {
            "attributes": {
              "associable_types": {
                "type": [
                  "set",
                  "string"
                ],
                "description": "Object types to which this category's tags can be attached. Valid types include: Folder, ClusterComputeResource, Datacenter, Datastore, StoragePod, DistributedVirtualPortgroup, DistributedVirtualSwitch, VmwareDistributedVirtualSwitch, HostSystem, com.vmware.content.Library, com.vmware.content.library.Item, HostNetwork, Network, OpaqueNetwork, ResourcePool, VirtualApp, VirtualMachine.",
                "description_kind": "plain",
                "required": true
              },
              "cardinality": {
                "type": "string",
                "description": "The associated cardinality of the category. Can be one of SINGLE (object can only be assigned one tag in this category) or MULTIPLE (object can be assigned multiple tags in this category).",
                "description_kind": "plain",
                "required": true
              },
              "description": {
                "type": "string",
                "description": "The description of the category.",
                "description_kind": "plain",
                "optional": true
              },
              "id": {
                "type": "string",
                "description_kind": "plain",
                "optional": true,
                "computed": true
              },
              "name": {
                "type": "string",
                "description": "The display name of the category.",
                "description_kind": "plain",
                "required": true
              }
            },
            "description_kind": "plain"
          }
        },
        "vsphere_vapp_container": {
          "version": 0,
          "block": {
            "attributes": {
              "cpu_expandable": {
                "type": "bool",
                "description": "Determines if the reservation on a vApp container can grow beyond the specified value, if the parent resource pool has unreserved resources.",
                "description_kind": "plain",
                "optional": true
              },
              "cpu_limit": {
                "type": "number",
                "description": "The utilization of a vApp container will not exceed this limit, even if there are available resources. Set to -1 for unlimited.",
                "description_kind": "plain",
                "optional": true
              },
              "cpu_reservation": {
                "type": "number",
                "description": "Amount of CPU (MHz) that is guaranteed available to the vApp container.",
                "description_kind": "plain",
                "optional": true
              },
              "cpu_share_level": {
                "type": "string",
                "description": "The allocation level. The level is a simplified view of shares. Levels map to a pre-determined set of numeric values for shares. Can be one of low, normal, high, or custom.",
                "description_kind": "plain",
                "optional": true
              },
              "cpu_shares": {
                "type": "number",
                "description": "The number of shares allocated. Used to determine resource allocation in case of resource contention. If this is set, cpu_share_level must be custom.",
                "description_kind": "plain",
                "optional": true,
                "computed": true
              },
              "custom_attributes": {
                "type": [
                  "map",
                  "string"
                ],
                "description": "A list of custom attributes to set on this resource.",
                "description_kind": "plain",
                "optional": true
              },
              "id": {
                "type": "string",
                "description_kind": "plain",
                "optional": true,
                "computed": true
              },
              "memory_expandable": {
                "type": "bool",
                "description": "Determines if the reservation on a vApp container can grow beyond the specified value, if the parent resource pool has unreserved resources.",
                "description_kind": "plain",
                "optional": true
              },
              "memory_limit": {
                "type": "number",
                "description": "The utilization of a vApp container will not exceed this limit, even if there are available resources. Set to -1 for unlimited.",
                "description_kind": "plain",
                "optional": true
              },
              "memory_reservation": {
                "type": "number",
                "description": "Amount of memory (MB) that is guaranteed available to the vApp container.",
                "description_kind": "plain",
                "optional": true
              },
              "memory_share_level": {
                "type": "string",
                "description": "The allocation level. The level is a simplified view of shares. Levels map to a pre-determined set of numeric values for shares. Can be one of low, normal, high, or custom.",
                "description_kind": "plain",
                "optional": true
              },
              "memory_shares": {
                "type": "number",
                "description": "The number of shares allocated. Used to determine resource allocation in case of resource contention. If this is set, memory_share_level must be custom.",
                "description_kind": "plain",
                "optional": true,
                "computed": true
              },
              "name": {
                "type": "string",
                "description": "The name of the vApp container.",
                "description_kind": "plain",
                "required": true
              },
              "parent_folder_id": {
                "type": "string",
                "description": "The ID of the parent VM folder.",
                "description_kind": "plain",
                "optional": true
              },
              "parent_resource_pool_id": {
                "type": "string",
                "description": "The managed object ID of the parent resource pool or the compute resource the vApp container is in.",
                "description_kind": "plain",
                "required": true
              },
              "tags": {
                "type": [
                  "set",
                  "string"
                ],
                "description": "A list of tag IDs to apply to this object.",
                "description_kind": "plain",
                "optional": true
              }
            },
            "description_kind": "plain"
          }
        },
        "vsphere_vapp_entity": {
          "version": 0,
          "block": {
            "attributes": {
              "container_id": {
                "type": "string",
                "description": "Managed object ID of the vApp container the entity is a member of.",
                "description_kind": "plain",
                "required": true
              },
              "custom_attributes": {
                "type": [
                  "map",
                  "string"
                ],
                "description": "A list of custom attributes to set on this resource.",
                "description_kind": "plain",
                "optional": true
              },
              "id": {
                "type": "string",
                "description_kind": "plain",
                "optional": true,
                "computed": true
              },
              "start_action": {
                "type": "string",
                "description": "How to start the entity. Valid settings are none or powerOn. If set to none, then the entity does not participate in auto-start.",
                "description_kind": "plain",
                "optional": true
              },
              "start_delay": {
                "type": "number",
                "description": "Delay in seconds before continuing with the next entity in the order of entities to be started.",
                "description_kind": "plain",
                "optional": true
              },
              "start_order": {
                "type": "number",
                "description": "Order to start and stop target in vApp.",
                "description_kind": "plain",
                "optional": true
              },
              "stop_action": {
                "type": "string",
                "description": "Defines the stop action for the entity. Can be set to none, powerOff, guestShutdown, or suspend. If set to none, then the entity does not participate in auto-stop.",
                "description_kind": "plain",
                "optional": true
              },
              "stop_delay": {
                "type": "number",
                "description": "Delay in seconds before continuing with the next entity in the order of entities to be stopped.",
                "description_kind": "plain",
                "optional": true
              },
              "tags": {
                "type": [
                  "set",
                  "string"
                ],
                "description": "A list of tag IDs to apply to this object.",
                "description_kind": "plain",
                "optional": true
              },
              "target_id": {
                "type": "string",
                "description": "Managed object ID of the entity to power on or power off. This can be a virtual machine or a vApp.",
                "description_kind": "plain",
                "required": true
              },
              "wait_for_guest": {
                "type": "bool",
                "description": "Determines if the VM should be marked as being started when VMware Tools are ready instead of waiting for start_delay. This property has no effect for vApps.",
                "description_kind": "plain",
                "optional": true
              }
            },
            "description_kind": "plain"
          }
        },
        "vsphere_virtual_disk": {
          "version": 0,
          "block": {
            "attributes": {
              "adapter_type": {
                "type": "string",
                "description_kind": "plain",
                "deprecated": true,
                "optional": true
              },
              "create_directories": {
                "type": "bool",
                "description_kind": "plain",
                "optional": true
              },
              "datacenter": {
                "type": "string",
                "description_kind": "plain",
                "optional": true
              },
              "datastore": {
                "type": "string",
                "description_kind": "plain",
                "required": true
              },
              "id": {
                "type": "string",
                "description_kind": "plain",
                "optional": true,
                "computed": true
              },
              "size": {
                "type": "number",
                "description_kind": "plain",
                "required": true
              },
              "type": {
                "type": "string",
                "description_kind": "plain",
                "optional": true
              },
              "vmdk_path": {
                "type": "string",
                "description_kind": "plain",
                "required": true
              }
            },
            "description_kind": "plain"
          }
        },
        "vsphere_virtual_machine": {
          "version": 3,
          "block": {
            "attributes": {
              "alternate_guest_name": {
                "type": "string",
                "description": "The guest name for the operating system when guest_id is otherGuest or otherGuest64.",
                "description_kind": "plain",
                "optional": true
              },
              "annotation": {
                "type": "string",
                "description": "User-provided description of the virtual machine.",
                "description_kind": "plain",
                "optional": true,
                "computed": true
              },
              "boot_delay": {
                "type": "number",
                "description": "The number of milliseconds to wait before starting the boot sequence.",
                "description_kind": "plain",
                "optional": true
              },
              "boot_retry_delay": {
                "type": "number",
                "description": "The number of milliseconds to wait before retrying the boot sequence. This only valid if boot_retry_enabled is true.",
                "description_kind": "plain",
                "optional": true
              },
              "boot_retry_enabled": {
                "type": "bool",
                "description": "If set to true, a virtual machine that fails to boot will try again after the delay defined in boot_retry_delay.",
                "description_kind": "plain",
                "optional": true
              },
              "change_version": {
                "type": "string",
                "description": "A unique identifier for a given version of the last configuration applied, such the timestamp of the last update to the configuration.",
                "description_kind": "plain",
                "computed": true
              },
              "cpu_hot_add_enabled": {
                "type": "bool",
                "description": "Allow CPUs to be added to this virtual machine while it is running.",
                "description_kind": "plain",
                "optional": true
              },
              "cpu_hot_remove_enabled": {
                "type": "bool",
                "description": "Allow CPUs to be added to this virtual machine while it is running.",
                "description_kind": "plain",
                "optional": true
              },
              "cpu_limit": {
                "type": "number",
                "description": "The maximum amount of memory (in MB) or CPU (in MHz) that this virtual machine can consume, regardless of available resources.",
                "description_kind": "plain",
                "optional": true
              },
              "cpu_performance_counters_enabled": {
                "type": "bool",
                "description": "Enable CPU performance counters on this virtual machine.",
                "description_kind": "plain",
                "optional": true
              },
              "cpu_reservation": {
                "type": "number",
                "description": "The amount of memory (in MB) or CPU (in MHz) that this virtual machine is guaranteed.",
                "description_kind": "plain",
                "optional": true
              },
              "cpu_share_count": {
                "type": "number",
                "description": "The amount of shares to allocate to cpu for a custom share level.",
                "description_kind": "plain",
                "optional": true,
                "computed": true
              },
              "cpu_share_level": {
                "type": "string",
                "description": "The allocation level for cpu resources. Can be one of high, low, normal, or custom.",
                "description_kind": "plain",
                "optional": true
              },
              "custom_attributes": {
                "type": [
                  "map",
                  "string"
                ],
                "description": "A list of custom attributes to set on this resource.",
                "description_kind": "plain",
                "optional": true
              },
              "datacenter_id": {
                "type": "string",
                "description": "The ID of the datacenter where the VM is to be created.",
                "description_kind": "plain",
                "optional": true
              },
              "datastore_cluster_id": {
                "type": "string",
                "description": "The ID of a datastore cluster to put the virtual machine in.",
                "description_kind": "plain",
                "optional": true
              },
              "datastore_id": {
                "type": "string",
                "description": "The ID of the virtual machine's datastore. The virtual machine configuration is placed here, along with any virtual disks that are created without datastores.",
                "description_kind": "plain",
                "optional": true,
                "computed": true
              },
              "default_ip_address": {
                "type": "string",
                "description": "The IP address selected by Terraform to be used for the provisioner.",
                "description_kind": "plain",
                "computed": true
              },
              "efi_secure_boot_enabled": {
                "type": "bool",
                "description": "When the boot type set in firmware is efi, this enables EFI secure boot.",
                "description_kind": "plain",
                "optional": true
              },
              "enable_disk_uuid": {
                "type": "bool",
                "description": "Expose the UUIDs of attached virtual disks to the virtual machine, allowing access to them in the guest.",
                "description_kind": "plain",
                "optional": true
              },
              "enable_logging": {
                "type": "bool",
                "description": "Enable logging on this virtual machine.",
                "description_kind": "plain",
                "optional": true
              },
              "ept_rvi_mode": {
                "type": "string",
                "description": "The EPT/RVI (hardware memory virtualization) setting for this virtual machine. Can be one of automatic, on, or off.",
                "description_kind": "plain",
                "optional": true
              },
              "extra_config": {
                "type": [
                  "map",
                  "string"
                ],
                "description": "Extra configuration data for this virtual machine. Can be used to supply advanced parameters not normally in configuration, such as instance metadata, or configuration data for OVF images.",
                "description_kind": "plain",
                "optional": true
              },
              "extra_config_reboot_required": {
                "type": "bool",
                "description": "Allow the virtual machine to be rebooted when a change to `extra_config` occurs.",
                "description_kind": "plain",
                "optional": true
              },
              "firmware": {
                "type": "string",
                "description": "The firmware interface to use on the virtual machine. Can be one of bios or efi.",
                "description_kind": "plain",
                "optional": true
              },
              "folder": {
                "type": "string",
                "description": "The name of the folder to locate the virtual machine in.",
                "description_kind": "plain",
                "optional": true
              },
              "force_power_off": {
                "type": "bool",
                "description": "Set to true to force power-off a virtual machine if a graceful guest shutdown failed for a necessary operation.",
                "description_kind": "plain",
                "optional": true
              },
              "guest_id": {
                "type": "string",
                "description": "The guest ID for the operating system.",
                "description_kind": "plain",
                "optional": true,
                "computed": true
              },
              "guest_ip_addresses": {
                "type": [
                  "list",
                  "string"
                ],
                "description": "The current list of IP addresses on this virtual machine.",
                "description_kind": "plain",
                "computed": true
              },
              "hardware_version": {
                "type": "number",
                "description": "The hardware version for the virtual machine.",
                "description_kind": "plain",
                "optional": true,
                "computed": true
              },
              "host_system_id": {
                "type": "string",
                "description": "The ID of an optional host system to pin the virtual machine to.",
                "description_kind": "plain",
                "optional": true,
                "computed": true
              },
              "hv_mode": {
                "type": "string",
                "description": "The (non-nested) hardware virtualization setting for this virtual machine. Can be one of hvAuto, hvOn, or hvOff.",
                "description_kind": "plain",
                "optional": true
              },
              "id": {
                "type": "string",
                "description_kind": "plain",
                "optional": true,
                "computed": true
              },
              "ide_controller_count": {
                "type": "number",
                "description": "The number of IDE controllers that Terraform manages on this virtual machine. This directly affects the amount of disks you can add to the virtual machine and the maximum disk unit number. Note that lowering this value does not remove controllers.",
                "description_kind": "plain",
                "optional": true
              },
              "ignored_guest_ips": {
                "type": [
                  "list",
                  "string"
                ],
                "description": "List of IP addresses and CIDR networks to ignore while waiting for an IP",
                "description_kind": "plain",
                "optional": true
              },
              "imported": {
                "type": "bool",
                "description": "A flag internal to Terraform that indicates that this resource was either imported or came from a earlier major version of this resource. Reset after the first post-import or post-upgrade apply.",
                "description_kind": "plain",
                "computed": true
              },
              "latency_sensitivity": {
                "type": "string",
                "description": "Controls the scheduling delay of the virtual machine. Use a higher sensitivity for applications that require lower latency, such as VOIP, media player applications, or applications that require frequent access to mouse or keyboard devices. Can be one of low, normal, medium, or high.",
                "description_kind": "plain",
                "optional": true
              },
              "memory": {
                "type": "number",
                "description": "The size of the virtual machine's memory, in MB.",
                "description_kind": "plain",
                "optional": true
              },
              "memory_hot_add_enabled": {
                "type": "bool",
                "description": "Allow memory to be added to this virtual machine while it is running.",
                "description_kind": "plain",
                "optional": true
              },
              "memory_limit": {
                "type": "number",
                "description": "The maximum amount of memory (in MB) or CPU (in MHz) that this virtual machine can consume, regardless of available resources.",
                "description_kind": "plain",
                "optional": true
              },
              "memory_reservation": {
                "type": "number",
                "description": "The amount of memory (in MB) or CPU (in MHz) that this virtual machine is guaranteed.",
                "description_kind": "plain",
                "optional": true
              },
              "memory_share_count": {
                "type": "number",
                "description": "The amount of shares to allocate to memory for a custom share level.",
                "description_kind": "plain",
                "optional": true,
                "computed": true
              },
              "memory_share_level": {
                "type": "string",
                "description": "The allocation level for memory resources. Can be one of high, low, normal, or custom.",
                "description_kind": "plain",
                "optional": true
              },
              "migrate_wait_timeout": {
                "type": "number",
                "description": "The amount of time, in minutes, to wait for a vMotion operation to complete before failing.",
                "description_kind": "plain",
                "optional": true
              },
              "moid": {
                "type": "string",
                "description": "The machine object ID from VMware vSphere.",
                "description_kind": "plain",
                "computed": true
              },
              "name": {
                "type": "string",
                "description": "The name of this virtual machine.",
                "description_kind": "plain",
                "required": true
              },
              "nested_hv_enabled": {
                "type": "bool",
                "description": "Enable nested hardware virtualization on this virtual machine, facilitating nested virtualization in the guest.",
                "description_kind": "plain",
                "optional": true
              },
              "num_cores_per_socket": {
                "type": "number",
                "description": "The number of cores to distribute amongst the CPUs in this virtual machine. If specified, the value supplied to num_cpus must be evenly divisible by this value.",
                "description_kind": "plain",
                "optional": true
              },
              "num_cpus": {
                "type": "number",
                "description": "The number of virtual processors to assign to this virtual machine.",
                "description_kind": "plain",
                "optional": true
              },
              "pci_device_id": {
                "type": [
                  "set",
                  "string"
                ],
                "description": "A list of PCI passthrough devices",
                "description_kind": "plain",
                "optional": true
              },
              "power_state": {
                "type": "string",
                "description": "The power state of the virtual machine.",
                "description_kind": "plain",
                "computed": true
              },
              "poweron_timeout": {
                "type": "number",
                "description": "The amount of time, in seconds, that we will be trying to power on a VM",
                "description_kind": "plain",
                "optional": true
              },
              "reboot_required": {
                "type": "bool",
                "description": "Value internal to Terraform used to determine if a configuration set change requires a reboot.",
                "description_kind": "plain",
                "computed": true
              },
              "replace_trigger": {
                "type": "string",
                "description": "Triggers replacement of resource whenever it changes.",
                "description_kind": "plain",
                "optional": true
              },
              "resource_pool_id": {
                "type": "string",
                "description": "The ID of a resource pool to put the virtual machine in.",
                "description_kind": "plain",
                "required": true
              },
              "run_tools_scripts_after_power_on": {
                "type": "bool",
                "description": "Enable the run of scripts after virtual machine power-on when VMware Tools is installed.",
                "description_kind": "plain",
                "optional": true
              },
              "run_tools_scripts_after_resume": {
                "type": "bool",
                "description": "Enable the run of scripts after virtual machine resume when when VMware Tools is installed.",
                "description_kind": "plain",
                "optional": true
              },
              "run_tools_scripts_before_guest_reboot": {
                "type": "bool",
                "description": "Enable the run of scripts before guest operating system reboot when VMware Tools is installed.",
                "description_kind": "plain",
                "optional": true
              },
              "run_tools_scripts_before_guest_shutdown": {
                "type": "bool",
                "description": "Enable the run of scripts before guest operating system shutdown when VMware Tools is installed.",
                "description_kind": "plain",
                "optional": true
              },
              "run_tools_scripts_before_guest_standby": {
                "type": "bool",
                "description": "Enable the run of scripts before guest operating system standby when VMware Tools is installed.",
                "description_kind": "plain",
                "optional": true
              },
              "sata_controller_count": {
                "type": "number",
                "description": "The number of SATA controllers that Terraform manages on this virtual machine. This directly affects the amount of disks you can add to the virtual machine and the maximum disk unit number. Note that lowering this value does not remove controllers.",
                "description_kind": "plain",
                "optional": true
              },
              "scsi_bus_sharing": {
                "type": "string",
                "description": "Mode for sharing the SCSI bus. The modes are physicalSharing, virtualSharing, and noSharing.",
                "description_kind": "plain",
                "optional": true
              },
              "scsi_controller_count": {
                "type": "number",
                "description": "The number of SCSI controllers that Terraform manages on this virtual machine. This directly affects the amount of disks you can add to the virtual machine and the maximum disk unit number. Note that lowering this value does not remove controllers.",
                "description_kind": "plain",
                "optional": true
              },
              "scsi_type": {
                "type": "string",
                "description": "The type of SCSI bus this virtual machine will have. Can be one of lsilogic, lsilogic-sas or pvscsi.",
                "description_kind": "plain",
                "optional": true
              },
              "shutdown_wait_timeout": {
                "type": "number",
                "description": "The amount of time, in minutes, to wait for shutdown when making necessary updates to the virtual machine.",
                "description_kind": "plain",
                "optional": true
              },
              "storage_policy_id": {
                "type": "string",
                "description": "The ID of the storage policy to assign to the virtual machine home directory.",
                "description_kind": "plain",
                "optional": true,
                "computed": true
              },
              "swap_placement_policy": {
                "type": "string",
                "description": "The swap file placement policy for this virtual machine. Can be one of inherit, hostLocal, or vmDirectory.",
                "description_kind": "plain",
                "optional": true
              },
              "sync_time_with_host": {
                "type": "bool",
                "description": "Enable guest clock synchronization with the host. On vSphere 7.0 U1 and above, with only this setting the clock is synchronized on startup and resume. Requires VMware Tools to be installed.",
                "description_kind": "plain",
                "optional": true
              },
              "sync_time_with_host_periodically": {
                "type": "bool",
                "description": "Enable periodic clock synchronization with the host. Supported only on vSphere 7.0 U1 and above. On prior versions setting `sync_time_with_host` is enough for periodic synchronization. Requires VMware Tools to be installed.",
                "description_kind": "plain",
                "optional": true
              },
              "tags": {
                "type": [
                  "set",
                  "string"
                ],
                "description": "A list of tag IDs to apply to this object.",
                "description_kind": "plain",
                "optional": true
              },
              "tools_upgrade_policy": {
                "type": "string",
                "description": "Set the upgrade policy for VMware Tools. Can be one of `manual` or `upgradeAtPowerCycle`.",
                "description_kind": "plain",
                "optional": true
              },
              "uuid": {
                "type": "string",
                "description": "The UUID of the virtual machine. Also exposed as the ID of the resource.",
                "description_kind": "plain",
                "computed": true
              },
              "vapp_transport": {
                "type": [
                  "list",
                  "string"
                ],
                "description": "vApp transport methods supported by virtual machine.",
                "description_kind": "plain",
                "computed": true
              },
              "vbs_enabled": {
                "type": "bool",
                "description": "Flag to specify if Virtualization-based security is enabled for this virtual machine.",
                "description_kind": "plain",
                "optional": true
              },
              "vmware_tools_status": {
                "type": "string",
                "description": "The state of VMware Tools in the guest. This will determine the proper course of action for some device operations.",
                "description_kind": "plain",
                "computed": true
              },
              "vmx_path": {
                "type": "string",
                "description": "The path of the virtual machine's configuration file in the VM's datastore.",
                "description_kind": "plain",
                "computed": true
              },
              "vvtd_enabled": {
                "type": "bool",
                "description": "Flag to specify if I/O MMU virtualization, also called Intel Virtualization Technology for Directed I/O (VT-d) and AMD I/O Virtualization (AMD-Vi or IOMMU), is enabled.",
                "description_kind": "plain",
                "optional": true
              },
              "wait_for_guest_ip_timeout": {
                "type": "number",
                "description": "The amount of time, in minutes, to wait for an available IP address on this virtual machine. A value less than 1 disables the waiter.",
                "description_kind": "plain",
                "optional": true
              },
              "wait_for_guest_net_routable": {
                "type": "bool",
                "description": "Controls whether or not the guest network waiter waits for a routable address. When false, the waiter does not wait for a default gateway, nor are IP addresses checked against any discovered default gateways as part of its success criteria.",
                "description_kind": "plain",
                "optional": true
              },
              "wait_for_guest_net_timeout": {
                "type": "number",
                "description": "The amount of time, in minutes, to wait for an available IP address on this virtual machine. A value less than 1 disables the waiter.",
                "description_kind": "plain",
                "optional": true
              }
            },
            "block_types": {
              "cdrom": {
                "nesting_mode": "list",
                "block": {
                  "attributes": {
                    "client_device": {
                      "type": "bool",
                      "description": "Indicates whether the device should be mapped to a remote client device",
                      "description_kind": "plain",
                      "optional": true
                    },
                    "datastore_id": {
                      "type": "string",
                      "description": "The datastore ID the ISO is located on.",
                      "description_kind": "plain",
                      "optional": true
                    },
                    "device_address": {
                      "type": "string",
                      "description": "The internally-computed address of this device, such as scsi:0:1, denoting scsi bus #0 and device unit 1.",
                      "description_kind": "plain",
                      "computed": true
                    },
                    "key": {
                      "type": "number",
                      "description": "The unique device ID for this device within its virtual machine.",
                      "description_kind": "plain",
                      "computed": true
                    },
                    "path": {
                      "type": "string",
                      "description": "The path to the ISO file on the datastore.",
                      "description_kind": "plain",
                      "optional": true
                    }
                  },
                  "description": "A specification for a CDROM device on this virtual machine.",
                  "description_kind": "plain"
                },
                "max_items": 2
              },
              "clone": {
                "nesting_mode": "list",
                "block": {
                  "attributes": {
                    "linked_clone": {
                      "type": "bool",
                      "description": "Whether or not to create a linked clone when cloning. When this option is used, the source VM must have a single snapshot associated with it.",
                      "description_kind": "plain",
                      "optional": true
                    },
                    "ovf_network_map": {
                      "type": [
                        "map",
                        "string"
                      ],
                      "description": "Mapping of ovf networks to the networks to use in vSphere.",
                      "description_kind": "plain",
                      "optional": true
                    },
                    "ovf_storage_map": {
                      "type": [
                        "map",
                        "string"
                      ],
                      "description": "Mapping of ovf storage to the datastores to use in vSphere.",
                      "description_kind": "plain",
                      "optional": true
                    },
                    "template_uuid": {
                      "type": "string",
                      "description": "The UUID of the source virtual machine or template.",
                      "description_kind": "plain",
                      "required": true
                    },
                    "timeout": {
                      "type": "number",
                      "description": "The timeout, in minutes, to wait for the virtual machine clone to complete.",
                      "description_kind": "plain",
                      "optional": true
                    }
                  },
                  "block_types": {
                    "customization_spec": {
                      "nesting_mode": "list",
                      "block": {
                        "attributes": {
                          "id": {
                            "type": "string",
                            "description": "The unique identifier of the customization specification is its name and is unique per vCenter Server instance.",
                            "description_kind": "plain",
                            "required": true
                          },
                          "timeout": {
                            "type": "number",
                            "description": "The amount of time, in minutes, to wait for guest OS customization to complete before returning with an error. Setting this value to 0 or a negative value skips the waiter. Default: 10.",
                            "description_kind": "plain",
                            "optional": true
                          }
                        },
                        "description": "The customization specification for the virtual machine post-clone.",
                        "description_kind": "plain"
                      },
                      "max_items": 1
                    },
                    "customize": {
                      "nesting_mode": "list",
                      "block": {
                        "attributes": {
                          "dns_server_list": {
                            "type": [
                              "list",
                              "string"
                            ],
                            "description": "The list of DNS servers for a virtual network adapter with a static IP address.",
                            "description_kind": "plain",
                            "optional": true
                          },
                          "dns_suffix_list": {
                            "type": [
                              "list",
                              "string"
                            ],
                            "description": "A list of DNS search domains to add to the DNS configuration on the virtual machine.",
                            "description_kind": "plain",
                            "optional": true
                          },
                          "ipv4_gateway": {
                            "type": "string",
                            "description": "The IPv4 default gateway when using network_interface customization on the virtual machine. This address must be local to a static IPv4 address configured in an interface sub-resource.",
                            "description_kind": "plain",
                            "optional": true
                          },
                          "ipv6_gateway": {
                            "type": "string",
                            "description": "The IPv6 default gateway when using network_interface customization on the virtual machine. This address must be local to a static IPv4 address configured in an interface sub-resource.",
                            "description_kind": "plain",
                            "optional": true
                          },
                          "timeout": {
                            "type": "number",
                            "description": "The amount of time, in minutes, to wait for guest OS customization to complete before returning with an error. Setting this value to 0 or a negative value skips the waiter. Default: 10.",
                            "description_kind": "plain",
                            "optional": true
                          },
                          "windows_sysprep_text": {
                            "type": "string",
                            "description": "Use this option to specify a windows sysprep file directly.",
                            "description_kind": "plain",
                            "optional": true,
                            "sensitive": true
                          }
                        },
                        "block_types": {
                          "linux_options": {
                            "nesting_mode": "list",
                            "block": {
                              "attributes": {
                                "domain": {
                                  "type": "string",
                                  "description": "The domain name for this virtual machine.",
                                  "description_kind": "plain",
                                  "required": true
                                },
                                "host_name": {
                                  "type": "string",
                                  "description": "The hostname for this virtual machine.",
                                  "description_kind": "plain",
                                  "required": true
                                },
                                "hw_clock_utc": {
                                  "type": "bool",
                                  "description": "Specifies whether or not the hardware clock should be in UTC or not.",
                                  "description_kind": "plain",
                                  "optional": true
                                },
                                "script_text": {
                                  "type": "string",
                                  "description": "The customization script to run before and or after guest customization",
                                  "description_kind": "plain",
                                  "optional": true,
                                  "sensitive": true
                                },
                                "time_zone": {
                                  "type": "string",
                                  "description": "Customize the time zone on the VM. This should be a time zone-style entry, like America/Los_Angeles.",
                                  "description_kind": "plain",
                                  "optional": true
                                }
                              },
                              "description": "A list of configuration options specific to Linux virtual machines.",
                              "description_kind": "plain"
                            },
                            "max_items": 1
                          },
                          "network_interface": {
                            "nesting_mode": "list",
                            "block": {
                              "attributes": {
                                "dns_domain": {
                                  "type": "string",
                                  "description": "A DNS search domain to add to the DNS configuration on the virtual machine.",
                                  "description_kind": "plain",
                                  "optional": true
                                },
                                "dns_server_list": {
                                  "type": [
                                    "list",
                                    "string"
                                  ],
                                  "description": "Network-interface specific DNS settings for Windows operating systems. Ignored on Linux.",
                                  "description_kind": "plain",
                                  "optional": true
                                },
                                "ipv4_address": {
                                  "type": "string",
                                  "description": "The IPv4 address assigned to this network adapter. If left blank, DHCP is used.",
                                  "description_kind": "plain",
                                  "optional": true
                                },
                                "ipv4_netmask": {
                                  "type": "number",
                                  "description": "The IPv4 CIDR netmask for the supplied IP address. Ignored if DHCP is selected.",
                                  "description_kind": "plain",
                                  "optional": true
                                },
                                "ipv6_address": {
                                  "type": "string",
                                  "description": "The IPv6 address assigned to this network adapter. If left blank, default auto-configuration is used.",
                                  "description_kind": "plain",
                                  "optional": true
                                },
                                "ipv6_netmask": {
                                  "type": "number",
                                  "description": "The IPv6 CIDR netmask for the supplied IP address. Ignored if auto-configuration is selected.",
                                  "description_kind": "plain",
                                  "optional": true
                                }
                              },
                              "description": "A specification of network interface configuration options.",
                              "description_kind": "plain"
                            }
                          },
                          "windows_options": {
                            "nesting_mode": "list",
                            "block": {
                              "attributes": {
                                "admin_password": {
                                  "type": "string",
                                  "description": "The new administrator password for this virtual machine.",
                                  "description_kind": "plain",
                                  "optional": true,
                                  "sensitive": true
                                },
                                "auto_logon": {
                                  "type": "bool",
                                  "description": "Specifies whether or not the VM automatically logs on as Administrator.",
                                  "description_kind": "plain",
                                  "optional": true
                                },
                                "auto_logon_count": {
                                  "type": "number",
                                  "description": "Specifies how many times the VM should auto-logon the Administrator account when auto_logon is true.",
                                  "description_kind": "plain",
                                  "optional": true
                                },
                                "computer_name": {
                                  "type": "string",
                                  "description": "The host name for this virtual machine.",
                                  "description_kind": "plain",
                                  "required": true
                                },
                                "domain_admin_password": {
                                  "type": "string",
                                  "description": "The password of the domain administrator used to join this virtual machine to the domain.",
                                  "description_kind": "plain",
                                  "optional": true,
                                  "sensitive": true
                                },
                                "domain_admin_user": {
                                  "type": "string",
                                  "description": "The user account of the domain administrator used to join this virtual machine to the domain.",
                                  "description_kind": "plain",
                                  "optional": true
                                },
                                "full_name": {
                                  "type": "string",
                                  "description": "The full name of the user of this virtual machine.",
                                  "description_kind": "plain",
                                  "optional": true
                                },
                                "join_domain": {
                                  "type": "string",
                                  "description": "The domain that the virtual machine should join.",
                                  "description_kind": "plain",
                                  "optional": true
                                },
                                "organization_name": {
                                  "type": "string",
                                  "description": "The organization name this virtual machine is being installed for.",
                                  "description_kind": "plain",
                                  "optional": true
                                },
                                "product_key": {
                                  "type": "string",
                                  "description": "The product key for this virtual machine.",
                                  "description_kind": "plain",
                                  "optional": true,
                                  "sensitive": true
                                },
                                "run_once_command_list": {
                                  "type": [
                                    "list",
                                    "string"
                                  ],
                                  "description": "A list of commands to run at first user logon, after guest customization.",
                                  "description_kind": "plain",
                                  "optional": true
                                },
                                "time_zone": {
                                  "type": "number",
                                  "description": "The new time zone for the virtual machine. This is a sysprep-dictated timezone code.",
                                  "description_kind": "plain",
                                  "optional": true
                                },
                                "workgroup": {
                                  "type": "string",
                                  "description": "The workgroup for this virtual machine if not joining a domain.",
                                  "description_kind": "plain",
                                  "optional": true
                                }
                              },
                              "description": "A list of configuration options specific to Windows virtual machines.",
                              "description_kind": "plain"
                            },
                            "max_items": 1
                          }
                        },
                        "description": "The customization specification for the virtual machine post-clone.",
                        "description_kind": "plain"
                      },
                      "max_items": 1
                    }
                  },
                  "description": "A specification for cloning a virtual machine from template.",
                  "description_kind": "plain"
                },
                "max_items": 1
              },
              "disk": {
                "nesting_mode": "list",
                "block": {
                  "attributes": {
                    "attach": {
                      "type": "bool",
                      "description": "If this is true, the disk is attached instead of created. Implies keep_on_remove.",
                      "description_kind": "plain",
                      "optional": true
                    },
                    "controller_type": {
                      "type": "string",
                      "description": "The type of controller the disk should be connected to. Must be 'scsi', 'sata', or 'ide'.",
                      "description_kind": "plain",
                      "optional": true
                    },
                    "datastore_id": {
                      "type": "string",
                      "description": "The datastore ID for this virtual disk, if different than the virtual machine.",
                      "description_kind": "plain",
                      "optional": true,
                      "computed": true
                    },
                    "device_address": {
                      "type": "string",
                      "description": "The internally-computed address of this device, such as scsi:0:1, denoting scsi bus #0 and device unit 1.",
                      "description_kind": "plain",
                      "computed": true
                    },
                    "disk_mode": {
                      "type": "string",
                      "description": "The mode of this this virtual disk for purposes of writes and snapshotting. Can be one of append, independent_nonpersistent, independent_persistent, nonpersistent, persistent, or undoable.",
                      "description_kind": "plain",
                      "optional": true
                    },
                    "disk_sharing": {
                      "type": "string",
                      "description": "The sharing mode of this virtual disk. Can be one of sharingMultiWriter or sharingNone.",
                      "description_kind": "plain",
                      "optional": true
                    },
                    "eagerly_scrub": {
                      "type": "bool",
                      "description": "The virtual disk file zeroing policy when thin_provision is not true. The default is false, which lazily-zeros the disk, speeding up thick-provisioned disk creation time.",
                      "description_kind": "plain",
                      "optional": true
                    },
                    "io_limit": {
                      "type": "number",
                      "description": "The upper limit of IOPS that this disk can use.",
                      "description_kind": "plain",
                      "optional": true
                    },
                    "io_reservation": {
                      "type": "number",
                      "description": "The I/O guarantee that this disk has, in IOPS.",
                      "description_kind": "plain",
                      "optional": true
                    },
                    "io_share_count": {
                      "type": "number",
                      "description": "The share count for this disk when the share level is custom.",
                      "description_kind": "plain",
                      "optional": true
                    },
                    "io_share_level": {
                      "type": "string",
                      "description": "The share allocation level for this disk. Can be one of low, normal, high, or custom.",
                      "description_kind": "plain",
                      "optional": true
                    },
                    "keep_on_remove": {
                      "type": "bool",
                      "description": "Set to true to keep the underlying VMDK file when removing this virtual disk from configuration.",
                      "description_kind": "plain",
                      "optional": true
                    },
                    "key": {
                      "type": "number",
                      "description": "The unique device ID for this device within its virtual machine.",
                      "description_kind": "plain",
                      "computed": true
                    },
                    "label": {
                      "type": "string",
                      "description": "A unique label for this disk.",
                      "description_kind": "plain",
                      "required": true
                    },
                    "path": {
                      "type": "string",
                      "description": "The full path of the virtual disk. This can only be provided if attach is set to true, otherwise it is a read-only value.",
                      "description_kind": "plain",
                      "optional": true,
                      "computed": true
                    },
                    "size": {
                      "type": "number",
                      "description": "The size of the disk, in GB.",
                      "description_kind": "plain",
                      "optional": true
                    },
                    "storage_policy_id": {
                      "type": "string",
                      "description": "The ID of the storage policy to assign to the virtual disk in VM.",
                      "description_kind": "plain",
                      "optional": true,
                      "computed": true
                    },
                    "thin_provisioned": {
                      "type": "bool",
                      "description": "If true, this disk is thin provisioned, with space for the file being allocated on an as-needed basis.",
                      "description_kind": "plain",
                      "optional": true
                    },
                    "unit_number": {
                      "type": "number",
                      "description": "The unique device number for this disk. This number determines where on the SCSI bus this device will be attached.",
                      "description_kind": "plain",
                      "optional": true
                    },
                    "uuid": {
                      "type": "string",
                      "description": "The UUID of the virtual disk.",
                      "description_kind": "plain",
                      "computed": true
                    },
                    "write_through": {
                      "type": "bool",
                      "description": "If true, writes for this disk are sent directly to the filesystem immediately instead of being buffered.",
                      "description_kind": "plain",
                      "optional": true
                    }
                  },
                  "description": "A specification for a virtual disk device on this virtual machine.",
                  "description_kind": "plain"
                },
                "max_items": 60
              },
              "network_interface": {
                "nesting_mode": "list",
                "block": {
                  "attributes": {
                    "adapter_type": {
                      "type": "string",
                      "description": "The controller type. Can be one of e1000, e1000e, sriov, vmxnet3, or vrdma.",
                      "description_kind": "plain",
                      "optional": true
                    },
                    "bandwidth_limit": {
                      "type": "number",
                      "description": "The upper bandwidth limit of this network interface, in Mbits/sec.",
                      "description_kind": "plain",
                      "optional": true
                    },
                    "bandwidth_reservation": {
                      "type": "number",
                      "description": "The bandwidth reservation of this network interface, in Mbits/sec.",
                      "description_kind": "plain",
                      "optional": true
                    },
                    "bandwidth_share_count": {
                      "type": "number",
                      "description": "The share count for this network interface when the share level is custom.",
                      "description_kind": "plain",
                      "optional": true,
                      "computed": true
                    },
                    "bandwidth_share_level": {
                      "type": "string",
                      "description": "The bandwidth share allocation level for this interface. Can be one of low, normal, high, or custom.",
                      "description_kind": "plain",
                      "optional": true
                    },
                    "device_address": {
                      "type": "string",
                      "description": "The internally-computed address of this device, such as scsi:0:1, denoting scsi bus #0 and device unit 1.",
                      "description_kind": "plain",
                      "computed": true
                    },
                    "key": {
                      "type": "number",
                      "description": "The unique device ID for this device within its virtual machine.",
                      "description_kind": "plain",
                      "computed": true
                    },
                    "mac_address": {
                      "type": "string",
                      "description": "The MAC address of this network interface. Can only be manually set if use_static_mac is true.",
                      "description_kind": "plain",
                      "optional": true,
                      "computed": true
                    },
                    "network_id": {
                      "type": "string",
                      "description": "The ID of the network to connect this network interface to.",
                      "description_kind": "plain",
                      "required": true
                    },
                    "ovf_mapping": {
                      "type": "string",
                      "description": "Mapping of network interface to OVF network.",
                      "description_kind": "plain",
                      "optional": true
                    },
                    "physical_function": {
                      "type": "string",
                      "description": "The ID of the Physical SR-IOV NIC to attach to, e.g. '0000:d8:00.0'",
                      "description_kind": "plain",
                      "optional": true
                    },
                    "use_static_mac": {
                      "type": "bool",
                      "description": "If true, the mac_address field is treated as a static MAC address and set accordingly.",
                      "description_kind": "plain",
                      "optional": true
                    }
                  },
                  "description": "A specification for a virtual NIC on this virtual machine.",
                  "description_kind": "plain"
                },
                "max_items": 20
              },
              "ovf_deploy": {
                "nesting_mode": "list",
                "block": {
                  "attributes": {
                    "allow_unverified_ssl_cert": {
                      "type": "bool",
                      "description": "Allow unverified ssl certificates while deploying ovf/ova from url.",
                      "description_kind": "plain",
                      "optional": true
                    },
                    "deployment_option": {
                      "type": "string",
                      "description": "The Deployment option to be chosen. If empty, the default option is used.",
                      "description_kind": "plain",
                      "optional": true
                    },
                    "disk_provisioning": {
                      "type": "string",
                      "description": "An optional disk provisioning. If set, all the disks in the deployed ovf will have the same specified disk type (e.g., thin provisioned).",
                      "description_kind": "plain",
                      "optional": true
                    },
                    "enable_hidden_properties": {
                      "type": "bool",
                      "description": "Allow properties with ovf:userConfigurable=false to be set.",
                      "description_kind": "plain",
                      "optional": true
                    },
                    "ip_allocation_policy": {
                      "type": "string",
                      "description": "The IP allocation policy.",
                      "description_kind": "plain",
                      "optional": true
                    },
                    "ip_protocol": {
                      "type": "string",
                      "description": "The IP protocol.",
                      "description_kind": "plain",
                      "optional": true
                    },
                    "local_ovf_path": {
                      "type": "string",
                      "description": "The absolute path to the ovf/ova file in the local system.",
                      "description_kind": "plain",
                      "optional": true
                    },
                    "ovf_network_map": {
                      "type": [
                        "map",
                        "string"
                      ],
                      "description": "The mapping of name of network identifiers from the ovf descriptor to network UUID in the VI infrastructure.",
                      "description_kind": "plain",
                      "optional": true
                    },
                    "remote_ovf_url": {
                      "type": "string",
                      "description": "URL to the remote ovf/ova file to be deployed.",
                      "description_kind": "plain",
                      "optional": true
                    }
                  },
                  "description": "A specification for deploying a virtual machine from ovf/ova template.",
                  "description_kind": "plain"
                },
                "max_items": 1
              },
              "vapp": {
                "nesting_mode": "list",
                "block": {
                  "attributes": {
                    "properties": {
                      "type": [
                        "map",
                        "string"
                      ],
                      "description": "A map of customizable vApp properties and their values. Allows customization of VMs cloned from OVF templates which have customizable vApp properties.",
                      "description_kind": "plain",
                      "optional": true
                    }
                  },
                  "description": "vApp configuration data for this virtual machine. Can be used to provide configuration data for OVF images.",
                  "description_kind": "plain"
                },
                "max_items": 1
              }
            },
            "description_kind": "plain"
          }
        },
        "vsphere_virtual_machine_snapshot": {
          "version": 0,
          "block": {
            "attributes": {
              "consolidate": {
                "type": "bool",
                "description_kind": "plain",
                "optional": true
              },
              "description": {
                "type": "string",
                "description_kind": "plain",
                "required": true
              },
              "id": {
                "type": "string",
                "description_kind": "plain",
                "optional": true,
                "computed": true
              },
              "memory": {
                "type": "bool",
                "description_kind": "plain",
                "required": true
              },
              "quiesce": {
                "type": "bool",
                "description_kind": "plain",
                "required": true
              },
              "remove_children": {
                "type": "bool",
                "description_kind": "plain",
                "optional": true
              },
              "snapshot_name": {
                "type": "string",
                "description_kind": "plain",
                "required": true
              },
              "virtual_machine_uuid": {
                "type": "string",
                "description_kind": "plain",
                "required": true
              }
            },
            "description_kind": "plain"
          }
        },
        "vsphere_vm_storage_policy": {
          "version": 0,
          "block": {
            "attributes": {
              "description": {
                "type": "string",
                "description": "Description of the storage policy.",
                "description_kind": "plain",
                "optional": true
              },
              "id": {
                "type": "string",
                "description_kind": "plain",
                "optional": true,
                "computed": true
              },
              "name": {
                "type": "string",
                "description": "Name of the storage policy.",
                "description_kind": "plain",
                "required": true
              }
            },
            "block_types": {
              "tag_rules": {
                "nesting_mode": "list",
                "block": {
                  "attributes": {
                    "include_datastores_with_tags": {
                      "type": "bool",
                      "description": "Whether to include or exclude datastores tagged with the provided tags",
                      "description_kind": "plain",
                      "optional": true
                    },
                    "tag_category": {
                      "type": "string",
                      "description": "The tag category to select the tags from.",
                      "description_kind": "plain",
                      "required": true
                    },
                    "tags": {
                      "type": [
                        "list",
                        "string"
                      ],
                      "description": "The tags to use for creating a tag-based vm placement rule.",
                      "description_kind": "plain",
                      "required": true
                    }
                  },
                  "description": "Tag rules to filter datastores to be used for placement of VMs.",
                  "description_kind": "plain"
                },
                "min_items": 1
              }
            },
            "description_kind": "plain"
          }
        },
        "vsphere_vmfs_datastore": {
          "version": 0,
          "block": {
            "attributes": {
              "accessible": {
                "type": "bool",
                "description": "The connectivity status of the datastore. If this is false, some other computed attributes may be out of date.",
                "description_kind": "plain",
                "computed": true
              },
              "capacity": {
                "type": "number",
                "description": "Maximum capacity of the datastore, in MB.",
                "description_kind": "plain",
                "computed": true
              },
              "custom_attributes": {
                "type": [
                  "map",
                  "string"
                ],
                "description": "A list of custom attributes to set on this resource.",
                "description_kind": "plain",
                "optional": true
              },
              "datastore_cluster_id": {
                "type": "string",
                "description": "The managed object ID of the datastore cluster to place the datastore in.",
                "description_kind": "plain",
                "optional": true
              },
              "disks": {
                "type": [
                  "list",
                  "string"
                ],
                "description": "The disks to add to the datastore.",
                "description_kind": "plain",
                "required": true
              },
              "folder": {
                "type": "string",
                "description": "The path to the datastore folder to put the datastore in.",
                "description_kind": "plain",
                "optional": true
              },
              "free_space": {
                "type": "number",
                "description": "Available space of this datastore, in MB.",
                "description_kind": "plain",
                "computed": true
              },
              "host_system_id": {
                "type": "string",
                "description": "The managed object ID of the host to set up the datastore on.",
                "description_kind": "plain",
                "required": true
              },
              "id": {
                "type": "string",
                "description_kind": "plain",
                "optional": true,
                "computed": true
              },
              "maintenance_mode": {
                "type": "string",
                "description": "The current maintenance mode state of the datastore.",
                "description_kind": "plain",
                "computed": true
              },
              "multiple_host_access": {
                "type": "bool",
                "description": "If true, more than one host in the datacenter has been configured with access to the datastore.",
                "description_kind": "plain",
                "computed": true
              },
              "name": {
                "type": "string",
                "description": "The name of the datastore.",
                "description_kind": "plain",
                "required": true
              },
              "tags": {
                "type": [
                  "set",
                  "string"
                ],
                "description": "A list of tag IDs to apply to this object.",
                "description_kind": "plain",
                "optional": true
              },
              "uncommitted_space": {
                "type": "number",
                "description": "Total additional storage space, in MB, potentially used by all virtual machines on this datastore.",
                "description_kind": "plain",
                "computed": true
              },
              "url": {
                "type": "string",
                "description": "The unique locator for the datastore.",
                "description_kind": "plain",
                "computed": true
              }
            },
            "description_kind": "plain"
          }
        },
        "vsphere_vnic": {
          "version": 0,
          "block": {
            "attributes": {
              "distributed_port_group": {
                "type": "string",
                "description": "Key of the distributed portgroup the nic will connect to",
                "description_kind": "plain",
                "optional": true
              },
              "distributed_switch_port": {
                "type": "string",
                "description": "UUID of the DVSwitch the nic will be attached to. Do not set if you set portgroup.",
                "description_kind": "plain",
                "optional": true
              },
              "host": {
                "type": "string",
                "description": "ESX host the interface belongs to",
                "description_kind": "plain",
                "required": true
              },
              "id": {
                "type": "string",
                "description_kind": "plain",
                "optional": true,
                "computed": true
              },
              "mac": {
                "type": "string",
                "description": "MAC address of the interface.",
                "description_kind": "plain",
                "optional": true,
                "computed": true
              },
              "mtu": {
                "type": "number",
                "description": "MTU of the interface.",
                "description_kind": "plain",
                "optional": true,
                "computed": true
              },
              "netstack": {
                "type": "string",
                "description": "TCP/IP stack setting for this interface. Possible values are 'defaultTcpipStack', 'vmotion', 'provisioning'",
                "description_kind": "plain",
                "optional": true
              },
              "portgroup": {
                "type": "string",
                "description": "portgroup to attach the nic to. Do not set if you set distributed_switch_port.",
                "description_kind": "plain",
                "optional": true
              },
              "services": {
                "type": [
                  "set",
                  "string"
                ],
                "description": "Enabled services setting for this interface. Current possible values are 'vmotion', 'management' and 'vsan'",
                "description_kind": "plain",
                "optional": true
              }
            },
            "block_types": {
              "ipv4": {
                "nesting_mode": "list",
                "block": {
                  "attributes": {
                    "dhcp": {
                      "type": "bool",
                      "description": "Use DHCP to configure the interface's IPv4 stack.",
                      "description_kind": "plain",
                      "optional": true
                    },
                    "gw": {
                      "type": "string",
                      "description": "IP address of the default gateway, if DHCP is not set.",
                      "description_kind": "plain",
                      "optional": true
                    },
                    "ip": {
                      "type": "string",
                      "description": "address of the interface, if DHCP is not set.",
                      "description_kind": "plain",
                      "optional": true
                    },
                    "netmask": {
                      "type": "string",
                      "description": "netmask of the interface, if DHCP is not set.",
                      "description_kind": "plain",
                      "optional": true
                    }
                  },
                  "description_kind": "plain"
                },
                "max_items": 1
              },
              "ipv6": {
                "nesting_mode": "list",
                "block": {
                  "attributes": {
                    "addresses": {
                      "type": [
                        "list",
                        "string"
                      ],
                      "description": "List of IPv6 addresses",
                      "description_kind": "plain",
                      "optional": true
                    },
                    "autoconfig": {
                      "type": "bool",
                      "description": "Use IPv6 Autoconfiguration (RFC2462).",
                      "description_kind": "plain",
                      "optional": true
                    },
                    "dhcp": {
                      "type": "bool",
                      "description": "Use DHCP to configure the interface's IPv4 stack.",
                      "description_kind": "plain",
                      "optional": true
                    },
                    "gw": {
                      "type": "string",
                      "description": "IP address of the default gateway, if DHCP or autoconfig is not set.",
                      "description_kind": "plain",
                      "optional": true
                    }
                  },
                  "description_kind": "plain"
                },
                "max_items": 1
              }
            },
            "description_kind": "plain"
          }
        }
      },
      "data_source_schemas": {
        "vsphere_compute_cluster": {
          "version": 0,
          "block": {
            "attributes": {
              "datacenter_id": {
                "type": "string",
                "description": "The managed object ID of the datacenter the cluster is located in. Not required if using an absolute path.",
                "description_kind": "plain",
                "optional": true
              },
              "id": {
                "type": "string",
                "description_kind": "plain",
                "optional": true,
                "computed": true
              },
              "name": {
                "type": "string",
                "description": "The name or absolute path to the cluster.",
                "description_kind": "plain",
                "required": true
              },
              "resource_pool_id": {
                "type": "string",
                "description": "The managed object ID of the cluster's root resource pool.",
                "description_kind": "plain",
                "computed": true
              }
            },
            "description_kind": "plain"
          }
        },
        "vsphere_compute_cluster_host_group": {
          "version": 0,
          "block": {
            "attributes": {
              "compute_cluster_id": {
                "type": "string",
                "description": "The managed object ID of the cluster.",
                "description_kind": "plain",
                "required": true
              },
              "host_system_ids": {
                "type": [
                  "set",
                  "string"
                ],
                "description": "The managed object IDs of the hosts.",
                "description_kind": "plain",
                "computed": true
              },
              "id": {
                "type": "string",
                "description_kind": "plain",
                "optional": true,
                "computed": true
              },
              "name": {
                "type": "string",
                "description": "The unique name of the host group in the cluster.",
                "description_kind": "plain",
                "required": true
              }
            },
            "description_kind": "plain"
          }
        },
        "vsphere_content_library": {
          "version": 0,
          "block": {
            "attributes": {
              "id": {
                "type": "string",
                "description_kind": "plain",
                "optional": true,
                "computed": true
              },
              "name": {
                "type": "string",
                "description": "The name of the content library.",
                "description_kind": "plain",
                "required": true
              }
            },
            "description_kind": "plain"
          }
        },
        "vsphere_content_library_item": {
          "version": 0,
          "block": {
            "attributes": {
              "id": {
                "type": "string",
                "description_kind": "plain",
                "optional": true,
                "computed": true
              },
              "library_id": {
                "type": "string",
                "description": "ID of the content library to contain item.",
                "description_kind": "plain",
                "required": true
              },
              "name": {
                "type": "string",
                "description": "The name of the content library item.",
                "description_kind": "plain",
                "required": true
              },
              "type": {
                "type": "string",
                "description": "Type of content library item.",
                "description_kind": "plain",
                "required": true
              }
            },
            "description_kind": "plain"
          }
        },
        "vsphere_custom_attribute": {
          "version": 0,
          "block": {
            "attributes": {
              "id": {
                "type": "string",
                "description_kind": "plain",
                "optional": true,
                "computed": true
              },
              "managed_object_type": {
                "type": "string",
                "description": "Object type for which the custom attribute is valid. If not specified, the attribute is valid for all managed object types.",
                "description_kind": "plain",
                "computed": true
              },
              "name": {
                "type": "string",
                "description": "The display name of the custom attribute.",
                "description_kind": "plain",
                "required": true
              }
            },
            "description_kind": "plain"
          }
        },
        "vsphere_datacenter": {
          "version": 0,
          "block": {
            "attributes": {
              "id": {
                "type": "string",
                "description_kind": "plain",
                "optional": true,
                "computed": true
              },
              "name": {
                "type": "string",
                "description": "The name of the datacenter. This can be a name or path. Can be omitted if there is only one datacenter in your inventory.",
                "description_kind": "plain",
                "optional": true
              }
            },
            "description_kind": "plain"
          }
        },
        "vsphere_datastore": {
          "version": 0,
          "block": {
            "attributes": {
              "datacenter_id": {
                "type": "string",
                "description": "The managed object ID of the datacenter the datastore is in. This is not required when using ESXi directly, or if there is only one datacenter in your infrastructure.",
                "description_kind": "plain",
                "optional": true
              },
              "id": {
                "type": "string",
                "description_kind": "plain",
                "optional": true,
                "computed": true
              },
              "name": {
                "type": "string",
                "description": "The name or path of the datastore.",
                "description_kind": "plain",
                "required": true
              }
            },
            "description_kind": "plain"
          }
        },
        "vsphere_datastore_cluster": {
          "version": 0,
          "block": {
            "attributes": {
              "datacenter_id": {
                "type": "string",
                "description": "The managed object ID of the datacenter the cluster is located in. Not required if using an absolute path.",
                "description_kind": "plain",
                "optional": true
              },
              "id": {
                "type": "string",
                "description_kind": "plain",
                "optional": true,
                "computed": true
              },
              "name": {
                "type": "string",
                "description": "The name or absolute path to the datastore cluster.",
                "description_kind": "plain",
                "required": true
              }
            },
            "description_kind": "plain"
          }
        },
        "vsphere_distributed_virtual_switch": {
          "version": 0,
          "block": {
            "attributes": {
              "datacenter_id": {
                "type": "string",
                "description": "The managed object ID of the datacenter the DVS is in. This is required if the supplied path is not an absolute path containing a datacenter and there are multiple datacenters in your infrastructure.",
                "description_kind": "plain",
                "optional": true
              },
              "id": {
                "type": "string",
                "description_kind": "plain",
                "optional": true,
                "computed": true
              },
              "name": {
                "type": "string",
                "description": "The name of the distributed virtual switch. This can be a name or path.",
                "description_kind": "plain",
                "required": true
              },
              "uplinks": {
                "type": [
                  "list",
                  "string"
                ],
                "description": "The uplink ports on this DVS.",
                "description_kind": "plain",
                "computed": true
              }
            },
            "description_kind": "plain"
          }
        },
        "vsphere_dynamic": {
          "version": 0,
          "block": {
            "attributes": {
              "filter": {
                "type": [
                  "set",
                  "string"
                ],
                "description": "List of tag IDs to match target.",
                "description_kind": "plain",
                "required": true
              },
              "id": {
                "type": "string",
                "description_kind": "plain",
                "optional": true,
                "computed": true
              },
              "name_regex": {
                "type": "string",
                "description": "A regular expression used to match against managed object names.",
                "description_kind": "plain",
                "optional": true
              },
              "type": {
                "type": "string",
                "description": "The type of managed object to return.",
                "description_kind": "plain",
                "optional": true
              }
            },
            "description_kind": "plain"
          }
        },
        "vsphere_folder": {
          "version": 0,
          "block": {
            "attributes": {
              "id": {
                "type": "string",
                "description_kind": "plain",
                "optional": true,
                "computed": true
              },
              "path": {
                "type": "string",
                "description": "The absolute path of the folder.",
                "description_kind": "plain",
                "required": true
              }
            },
            "description_kind": "plain"
          }
        },
        "vsphere_guest_os_customization": {
          "version": 0,
          "block": {
            "attributes": {
              "change_version": {
                "type": "string",
                "description": "The number of last changed version to the customization specification.",
                "description_kind": "plain",
                "computed": true
              },
              "description": {
                "type": "string",
                "description": "The description for the customization specification.",
                "description_kind": "plain",
                "computed": true
              },
              "id": {
                "type": "string",
                "description_kind": "plain",
                "optional": true,
                "computed": true
              },
              "last_update_time": {
                "type": "string",
                "description": "The time of last modification to the customization specification.",
                "description_kind": "plain",
                "computed": true
              },
              "name": {
                "type": "string",
                "description": "The name of the customization specification is the unique identifier per vCenter Server instance.",
                "description_kind": "plain",
                "required": true
              },
              "spec": {
                "type": [
                  "list",
                  [
                    "object",
                    {
                      "dns_server_list": [
                        "list",
                        "string"
                      ],
                      "dns_suffix_list": [
                        "list",
                        "string"
                      ],
                      "linux_options": [
                        "list",
                        [
                          "object",
                          {
                            "domain": "string",
                            "host_name": "string",
                            "hw_clock_utc": "bool",
                            "script_text": "string",
                            "time_zone": "string"
                          }
                        ]
                      ],
                      "network_interface": [
                        "list",
                        [
                          "object",
                          {
                            "dns_domain": "string",
                            "dns_server_list": [
                              "list",
                              "string"
                            ],
                            "ipv4_address": "string",
                            "ipv4_netmask": "number",
                            "ipv6_address": "string",
                            "ipv6_netmask": "number"
                          }
                        ]
                      ],
                      "windows_options": [
                        "list",
                        [
                          "object",
                          {
                            "admin_password": "string",
                            "auto_logon": "bool",
                            "auto_logon_count": "number",
                            "computer_name": "string",
                            "domain_admin_password": "string",
                            "domain_admin_user": "string",
                            "join_domain": "string",
                            "run_once_command_list": [
                              "list",
                              "string"
                            ],
                            "time_zone": "number",
                            "workgroup": "string"
                          }
                        ]
                      ],
                      "windows_sysprep_text": "string"
                    }
                  ]
                ],
                "description": "Container object for the guest operating system properties to be customized.",
                "description_kind": "plain",
                "computed": true
              },
              "type": {
                "type": "string",
                "description": "TThe type of customization specification: One among: Windows, Linux.",
                "description_kind": "plain",
                "computed": true
              }
            },
            "description_kind": "plain"
          }
        },
        "vsphere_host": {
          "version": 0,
          "block": {
            "attributes": {
              "datacenter_id": {
                "type": "string",
                "description": "The managed object ID of the datacenter to look for the host in.",
                "description_kind": "plain",
                "required": true
              },
              "id": {
                "type": "string",
                "description_kind": "plain",
                "optional": true,
                "computed": true
              },
              "name": {
                "type": "string",
                "description": "The name of the host. This can be a name or path.\tIf not provided, the default host is used.",
                "description_kind": "plain",
                "optional": true
              },
              "resource_pool_id": {
                "type": "string",
                "description": "The managed object ID of the host's root resource pool.",
                "description_kind": "plain",
                "computed": true
              }
            },
            "description_kind": "plain"
          }
        },
        "vsphere_host_pci_device": {
          "version": 0,
          "block": {
            "attributes": {
              "class_id": {
                "type": "string",
                "description": "The hexadecimal value of the PCI device's class ID.",
                "description_kind": "plain",
                "optional": true
              },
              "host_id": {
                "type": "string",
                "description": "The Managed Object ID of the host system.",
                "description_kind": "plain",
                "required": true
              },
              "id": {
                "type": "string",
                "description_kind": "plain",
                "optional": true,
                "computed": true
              },
              "name": {
                "type": "string",
                "description": "The name of the PCI device.",
                "description_kind": "plain",
                "computed": true
              },
              "name_regex": {
                "type": "string",
                "description": "A regular expression used to match the PCI device name.",
                "description_kind": "plain",
                "optional": true
              },
              "vendor_id": {
                "type": "string",
                "description": "The hexadecimal value of the PCI device's vendor ID.",
                "description_kind": "plain",
                "optional": true
              }
            },
            "description_kind": "plain"
          }
        },
        "vsphere_host_thumbprint": {
          "version": 0,
          "block": {
            "attributes": {
              "address": {
                "type": "string",
                "description": "The address of the ESXi to extract the thumbprint from.",
                "description_kind": "plain",
                "required": true
              },
              "id": {
                "type": "string",
                "description_kind": "plain",
                "optional": true,
                "computed": true
              },
              "insecure": {
                "type": "bool",
                "description": "Boolean that can be set to true to disable SSL certificate verification.",
                "description_kind": "plain",
                "optional": true
              },
              "port": {
                "type": "string",
                "description": "The port to connect to on the ESXi host.",
                "description_kind": "plain",
                "optional": true
              }
            },
            "description_kind": "plain"
          }
        },
        "vsphere_license": {
          "version": 0,
          "block": {
            "attributes": {
              "edition_key": {
                "type": "string",
                "description_kind": "plain",
                "computed": true
              },
              "id": {
                "type": "string",
                "description_kind": "plain",
                "computed": true
              },
              "labels": {
                "type": [
                  "map",
                  "string"
                ],
                "description_kind": "plain",
                "computed": true
              },
              "license_key": {
                "type": "string",
                "description_kind": "plain",
                "required": true
              },
              "name": {
                "type": "string",
                "description_kind": "plain",
                "computed": true
              },
              "total": {
                "type": "number",
                "description_kind": "plain",
                "computed": true
              },
              "used": {
                "type": "number",
                "description_kind": "plain",
                "computed": true
              }
            },
            "description_kind": "plain"
          }
        },
        "vsphere_network": {
          "version": 0,
          "block": {
            "attributes": {
              "datacenter_id": {
                "type": "string",
                "description": "The managed object ID of the datacenter the network is in. This is required if the supplied path is not an absolute path containing a datacenter and there are multiple datacenters in your infrastructure.",
                "description_kind": "plain",
                "optional": true
              },
              "distributed_virtual_switch_uuid": {
                "type": "string",
                "description": "Id of the distributed virtual switch of which the port group is a part of",
                "description_kind": "plain",
                "optional": true
              },
              "id": {
                "type": "string",
                "description_kind": "plain",
                "optional": true,
                "computed": true
              },
              "name": {
                "type": "string",
                "description": "The name or path of the network.",
                "description_kind": "plain",
                "required": true
              },
              "type": {
                "type": "string",
                "description": "The managed object type of the network.",
                "description_kind": "plain",
                "computed": true
              }
            },
            "description_kind": "plain"
          }
        },
        "vsphere_ovf_vm_template": {
          "version": 0,
          "block": {
            "attributes": {
              "allow_unverified_ssl_cert": {
                "type": "bool",
                "description": "Allow unverified ssl certificates while deploying ovf/ova from url.",
                "description_kind": "plain",
                "optional": true
              },
              "alternate_guest_name": {
                "type": "string",
                "description": "The guest name for the operating system when guest_id is otherGuest or otherGuest64.",
                "description_kind": "plain",
                "computed": true
              },
              "annotation": {
                "type": "string",
                "description": "User-provided description of the virtual machine.",
                "description_kind": "plain",
                "computed": true
              },
              "cpu_hot_add_enabled": {
                "type": "bool",
                "description": "Allow CPUs to be added to this virtual machine while it is running.",
                "description_kind": "plain",
                "computed": true
              },
              "cpu_hot_remove_enabled": {
                "type": "bool",
                "description": "Allow CPUs to be added to this virtual machine while it is running.",
                "description_kind": "plain",
                "computed": true
              },
              "cpu_performance_counters_enabled": {
                "type": "bool",
                "description": "Enable CPU performance counters on this virtual machine.",
                "description_kind": "plain",
                "computed": true
              },
              "datastore_id": {
                "type": "string",
                "description": "The ID of the virtual machine's datastore. The virtual machine configuration is placed here, along with any virtual disks that are created without datastores.",
                "description_kind": "plain",
                "optional": true
              },
              "deployment_option": {
                "type": "string",
                "description": "The Deployment option to be chosen. If empty, the default option is used.",
                "description_kind": "plain",
                "optional": true
              },
              "disk_provisioning": {
                "type": "string",
                "description": "An optional disk provisioning. If set, all the disks in the deployed ovf will have the same specified disk type (e.g., thin provisioned).",
                "description_kind": "plain",
                "optional": true
              },
              "enable_hidden_properties": {
                "type": "bool",
                "description": "Allow properties with ovf:userConfigurable=false to be set.",
                "description_kind": "plain",
                "optional": true
              },
              "firmware": {
                "type": "string",
                "description": "The firmware interface to use on the virtual machine. Can be one of bios or efi.",
                "description_kind": "plain",
                "computed": true
              },
              "folder": {
                "type": "string",
                "description": "The name of the folder to locate the virtual machine in.",
                "description_kind": "plain",
                "optional": true
              },
              "guest_id": {
                "type": "string",
                "description": "The guest ID for the operating system.",
                "description_kind": "plain",
                "computed": true
              },
              "host_system_id": {
                "type": "string",
                "description": "The ID of an optional host system to pin the virtual machine to.",
                "description_kind": "plain",
                "required": true
              },
              "id": {
                "type": "string",
                "description_kind": "plain",
                "optional": true,
                "computed": true
              },
              "ide_controller_count": {
                "type": "number",
                "description": "The number of IDE controllers that Terraform manages on this virtual machine. This directly affects the amount of disks you can add to the virtual machine and the maximum disk unit number. Note that lowering this value does not remove controllers.",
                "description_kind": "plain",
                "computed": true
              },
              "ip_allocation_policy": {
                "type": "string",
                "description": "The IP allocation policy.",
                "description_kind": "plain",
                "optional": true
              },
              "ip_protocol": {
                "type": "string",
                "description": "The IP protocol.",
                "description_kind": "plain",
                "optional": true
              },
              "local_ovf_path": {
                "type": "string",
                "description": "The absolute path to the ovf/ova file in the local system.",
                "description_kind": "plain",
                "optional": true
              },
              "memory": {
                "type": "number",
                "description": "The size of the virtual machine's memory, in MB.",
                "description_kind": "plain",
                "computed": true
              },
              "memory_hot_add_enabled": {
                "type": "bool",
                "description": "Allow memory to be added to this virtual machine while it is running.",
                "description_kind": "plain",
                "computed": true
              },
              "name": {
                "type": "string",
                "description": "Name of the virtual machine to create.",
                "description_kind": "plain",
                "required": true
              },
              "nested_hv_enabled": {
                "type": "bool",
                "description": "Enable nested hardware virtualization on this virtual machine, facilitating nested virtualization in the guest.",
                "description_kind": "plain",
                "computed": true
              },
              "num_cores_per_socket": {
                "type": "number",
                "description": "The number of cores to distribute amongst the CPUs in this virtual machine. If specified, the value supplied to num_cpus must be evenly divisible by this value.",
                "description_kind": "plain",
                "computed": true
              },
              "num_cpus": {
                "type": "number",
                "description": "The number of virtual processors to assign to this virtual machine.",
                "description_kind": "plain",
                "computed": true
              },
              "ovf_network_map": {
                "type": [
                  "map",
                  "string"
                ],
                "description": "The mapping of name of network identifiers from the ovf descriptor to network UUID in the VI infrastructure.",
                "description_kind": "plain",
                "optional": true
              },
              "remote_ovf_url": {
                "type": "string",
                "description": "URL to the remote ovf/ova file to be deployed.",
                "description_kind": "plain",
                "optional": true
              },
              "resource_pool_id": {
                "type": "string",
                "description": "The ID of a resource pool to put the virtual machine in.",
                "description_kind": "plain",
                "required": true
              },
              "sata_controller_count": {
                "type": "number",
                "description": "The number of SATA controllers that Terraform manages on this virtual machine. This directly affects the amount of disks you can add to the virtual machine and the maximum disk unit number. Note that lowering this value does not remove controllers.",
                "description_kind": "plain",
                "computed": true
              },
              "scsi_controller_count": {
                "type": "number",
                "description": "The number of SCSI controllers that Terraform manages on this virtual machine. This directly affects the amount of disks you can add to the virtual machine and the maximum disk unit number. Note that lowering this value does not remove controllers.",
                "description_kind": "plain",
                "computed": true
              },
              "scsi_type": {
                "type": "string",
                "description": "The type of SCSI bus this virtual machine will have. Can be one of lsilogic, lsilogic-sas or pvscsi.",
                "description_kind": "plain",
                "computed": true
              },
              "swap_placement_policy": {
                "type": "string",
                "description": "The swap file placement policy for this virtual machine. Can be one of inherit, hostLocal, or vmDirectory.",
                "description_kind": "plain",
                "computed": true
              }
            },
            "description_kind": "plain"
          }
        },
        "vsphere_resource_pool": {
          "version": 0,
          "block": {
            "attributes": {
              "datacenter_id": {
                "type": "string",
                "description": "The managed object ID of the datacenter the resource pool is in. This is not required when using ESXi directly, or if there is only one datacenter in your infrastructure.",
                "description_kind": "plain",
                "optional": true
              },
              "id": {
                "type": "string",
                "description_kind": "plain",
                "optional": true,
                "computed": true
              },
              "name": {
                "type": "string",
                "description": "The name or path of the resource pool.",
                "description_kind": "plain",
                "optional": true
              }
            },
            "description_kind": "plain"
          }
        },
        "vsphere_role": {
          "version": 0,
          "block": {
            "attributes": {
              "description": {
                "type": "string",
                "description": "Description of the role.",
                "description_kind": "plain",
                "optional": true
              },
              "id": {
                "type": "string",
                "description_kind": "plain",
                "optional": true,
                "computed": true
              },
              "label": {
                "type": "string",
                "description": "The display label of the role.",
                "description_kind": "plain",
                "required": true
              },
              "name": {
                "type": "string",
                "description": "Name of the role.",
                "description_kind": "plain",
                "optional": true
              },
              "role_privileges": {
                "type": [
                  "list",
                  "string"
                ],
                "description": "Privileges to be associated with the role",
                "description_kind": "plain",
                "optional": true
              }
            },
            "description_kind": "plain"
          }
        },
        "vsphere_storage_policy": {
          "version": 0,
          "block": {
            "attributes": {
              "id": {
                "type": "string",
                "description_kind": "plain",
                "optional": true,
                "computed": true
              },
              "name": {
                "type": "string",
                "description": "The display name of the storage policy.",
                "description_kind": "plain",
                "required": true
              }
            },
            "description_kind": "plain"
          }
        },
        "vsphere_tag": {
          "version": 0,
          "block": {
            "attributes": {
              "category_id": {
                "type": "string",
                "description": "The unique identifier of the parent category for this tag.",
                "description_kind": "plain",
                "required": true
              },
              "description": {
                "type": "string",
                "description": "The description of the tag.",
                "description_kind": "plain",
                "computed": true
              },
              "id": {
                "type": "string",
                "description_kind": "plain",
                "optional": true,
                "computed": true
              },
              "name": {
                "type": "string",
                "description": "The display name of the tag.",
                "description_kind": "plain",
                "required": true
              }
            },
            "description_kind": "plain"
          }
        },
        "vsphere_tag_category": {
          "version": 0,
          "block": {
            "attributes": {
              "associable_types": {
                "type": [
                  "set",
                  "string"
                ],
                "description": "Object types to which this category's tags can be attached.",
                "description_kind": "plain",
                "computed": true
              },
              "cardinality": {
                "type": "string",
                "description": "The associated cardinality of the category. Can be one of SINGLE (object can only be assigned one tag in this category) or MULTIPLE (object can be assigned multiple tags in this category).",
                "description_kind": "plain",
                "computed": true
              },
              "description": {
                "type": "string",
                "description": "The description of the category.",
                "description_kind": "plain",
                "computed": true
              },
              "id": {
                "type": "string",
                "description_kind": "plain",
                "optional": true,
                "computed": true
              },
              "name": {
                "type": "string",
                "description": "The display name of the category.",
                "description_kind": "plain",
                "required": true
              }
            },
            "description_kind": "plain"
          }
        },
        "vsphere_vapp_container": {
          "version": 0,
          "block": {
            "attributes": {
              "datacenter_id": {
                "type": "string",
                "description": "The Managed Object ID of the datacenter.",
                "description_kind": "plain",
                "required": true
              },
              "id": {
                "type": "string",
                "description_kind": "plain",
                "optional": true,
                "computed": true
              },
              "name": {
                "type": "string",
                "description": "The name of the vApp container.",
                "description_kind": "plain",
                "required": true
              }
            },
            "description_kind": "plain"
          }
        },
        "vsphere_virtual_machine": {
          "version": 0,
          "block": {
            "attributes": {
              "alternate_guest_name": {
                "type": "string",
                "description": "The guest name for the operating system when guest_id is otherGuest or otherGuest64.",
                "description_kind": "plain",
                "optional": true
              },
              "annotation": {
                "type": "string",
                "description": "User-provided description of the virtual machine.",
                "description_kind": "plain",
                "optional": true,
                "computed": true
              },
              "boot_delay": {
                "type": "number",
                "description": "The number of milliseconds to wait before starting the boot sequence.",
                "description_kind": "plain",
                "optional": true
              },
              "boot_retry_delay": {
                "type": "number",
                "description": "The number of milliseconds to wait before retrying the boot sequence. This only valid if boot_retry_enabled is true.",
                "description_kind": "plain",
                "optional": true
              },
              "boot_retry_enabled": {
                "type": "bool",
                "description": "If set to true, a virtual machine that fails to boot will try again after the delay defined in boot_retry_delay.",
                "description_kind": "plain",
                "optional": true
              },
              "change_version": {
                "type": "string",
                "description": "A unique identifier for a given version of the last configuration applied, such the timestamp of the last update to the configuration.",
                "description_kind": "plain",
                "computed": true
              },
              "cpu_hot_add_enabled": {
                "type": "bool",
                "description": "Allow CPUs to be added to this virtual machine while it is running.",
                "description_kind": "plain",
                "optional": true
              },
              "cpu_hot_remove_enabled": {
                "type": "bool",
                "description": "Allow CPUs to be added to this virtual machine while it is running.",
                "description_kind": "plain",
                "optional": true
              },
              "cpu_limit": {
                "type": "number",
                "description": "The maximum amount of memory (in MB) or CPU (in MHz) that this virtual machine can consume, regardless of available resources.",
                "description_kind": "plain",
                "optional": true
              },
              "cpu_performance_counters_enabled": {
                "type": "bool",
                "description": "Enable CPU performance counters on this virtual machine.",
                "description_kind": "plain",
                "optional": true
              },
              "cpu_reservation": {
                "type": "number",
                "description": "The amount of memory (in MB) or CPU (in MHz) that this virtual machine is guaranteed.",
                "description_kind": "plain",
                "optional": true
              },
              "cpu_share_count": {
                "type": "number",
                "description": "The amount of shares to allocate to cpu for a custom share level.",
                "description_kind": "plain",
                "optional": true,
                "computed": true
              },
              "cpu_share_level": {
                "type": "string",
                "description": "The allocation level for cpu resources. Can be one of high, low, normal, or custom.",
                "description_kind": "plain",
                "optional": true
              },
              "datacenter_id": {
                "type": "string",
                "description": "The managed object ID of the datacenter the virtual machine is in. This is not required when using ESXi directly, or if there is only one datacenter in your infrastructure.",
                "description_kind": "plain",
                "optional": true
              },
              "default_ip_address": {
                "type": "string",
                "description": "The default IP address.",
                "description_kind": "plain",
                "computed": true
              },
              "disks": {
                "type": [
                  "list",
                  [
                    "object",
                    {
                      "eagerly_scrub": "bool",
                      "label": "string",
                      "size": "number",
                      "thin_provisioned": "bool",
                      "unit_number": "number"
                    }
                  ]
                ],
                "description": "Select configuration attributes from the disks on this virtual machine, sorted by bus and unit number.",
                "description_kind": "plain",
                "computed": true
              },
              "efi_secure_boot_enabled": {
                "type": "bool",
                "description": "When the boot type set in firmware is efi, this enables EFI secure boot.",
                "description_kind": "plain",
                "optional": true
              },
              "enable_disk_uuid": {
                "type": "bool",
                "description": "Expose the UUIDs of attached virtual disks to the virtual machine, allowing access to them in the guest.",
                "description_kind": "plain",
                "optional": true
              },
              "enable_logging": {
                "type": "bool",
                "description": "Enable logging on this virtual machine.",
                "description_kind": "plain",
                "optional": true
              },
              "ept_rvi_mode": {
                "type": "string",
                "description": "The EPT/RVI (hardware memory virtualization) setting for this virtual machine. Can be one of automatic, on, or off.",
                "description_kind": "plain",
                "optional": true
              },
              "extra_config": {
                "type": [
                  "map",
                  "string"
                ],
                "description": "Extra configuration data for this virtual machine. Can be used to supply advanced parameters not normally in configuration, such as instance metadata, or configuration data for OVF images.",
                "description_kind": "plain",
                "optional": true
              },
              "extra_config_reboot_required": {
                "type": "bool",
                "description": "Allow the virtual machine to be rebooted when a change to `extra_config` occurs.",
                "description_kind": "plain",
                "optional": true
              },
              "firmware": {
                "type": "string",
                "description": "The firmware interface to use on the virtual machine. Can be one of bios or efi.",
                "description_kind": "plain",
                "optional": true
              },
              "guest_id": {
                "type": "string",
                "description": "The guest ID for the operating system.",
                "description_kind": "plain",
                "optional": true,
                "computed": true
              },
              "guest_ip_addresses": {
                "type": [
                  "list",
                  "string"
                ],
                "description": "The current list of IP addresses on this virtual machine.",
                "description_kind": "plain",
                "computed": true
              },
              "hardware_version": {
                "type": "number",
                "description": "The hardware version for the virtual machine.",
                "description_kind": "plain",
                "optional": true,
                "computed": true
              },
              "hv_mode": {
                "type": "string",
                "description": "The (non-nested) hardware virtualization setting for this virtual machine. Can be one of hvAuto, hvOn, or hvOff.",
                "description_kind": "plain",
                "optional": true
              },
              "id": {
                "type": "string",
                "description_kind": "plain",
                "optional": true,
                "computed": true
              },
              "ide_controller_scan_count": {
                "type": "number",
                "description": "The number of IDE controllers to scan for disk sizes and controller types on.",
                "description_kind": "plain",
                "optional": true
              },
              "latency_sensitivity": {
                "type": "string",
                "description": "Controls the scheduling delay of the virtual machine. Use a higher sensitivity for applications that require lower latency, such as VOIP, media player applications, or applications that require frequent access to mouse or keyboard devices. Can be one of low, normal, medium, or high.",
                "description_kind": "plain",
                "optional": true
              },
              "memory": {
                "type": "number",
                "description": "The size of the virtual machine's memory, in MB.",
                "description_kind": "plain",
                "optional": true
              },
              "memory_hot_add_enabled": {
                "type": "bool",
                "description": "Allow memory to be added to this virtual machine while it is running.",
                "description_kind": "plain",
                "optional": true
              },
              "memory_limit": {
                "type": "number",
                "description": "The maximum amount of memory (in MB) or CPU (in MHz) that this virtual machine can consume, regardless of available resources.",
                "description_kind": "plain",
                "optional": true
              },
              "memory_reservation": {
                "type": "number",
                "description": "The amount of memory (in MB) or CPU (in MHz) that this virtual machine is guaranteed.",
                "description_kind": "plain",
                "optional": true
              },
              "memory_share_count": {
                "type": "number",
                "description": "The amount of shares to allocate to memory for a custom share level.",
                "description_kind": "plain",
                "optional": true,
                "computed": true
              },
              "memory_share_level": {
                "type": "string",
                "description": "The allocation level for memory resources. Can be one of high, low, normal, or custom.",
                "description_kind": "plain",
                "optional": true
              },
              "moid": {
                "type": "string",
                "description": "The machine object ID from VMware vSphere.",
                "description_kind": "plain",
                "optional": true,
                "computed": true
              },
              "name": {
                "type": "string",
                "description": "The name of this virtual machine.",
                "description_kind": "plain",
                "optional": true
              },
              "nested_hv_enabled": {
                "type": "bool",
                "description": "Enable nested hardware virtualization on this virtual machine, facilitating nested virtualization in the guest.",
                "description_kind": "plain",
                "optional": true
              },
              "network_interface_types": {
                "type": [
                  "list",
                  "string"
                ],
                "description": "The types of network interfaces found on the virtual machine, sorted by unit number.",
                "description_kind": "plain",
                "computed": true
              },
              "network_interfaces": {
                "type": [
                  "list",
                  [
                    "object",
                    {
                      "adapter_type": "string",
                      "bandwidth_limit": "number",
                      "bandwidth_reservation": "number",
                      "bandwidth_share_count": "number",
                      "bandwidth_share_level": "string",
                      "mac_address": "string",
                      "network_id": "string",
                      "physical_function": "string"
                    }
                  ]
                ],
                "description": "The types of network interfaces found on the virtual machine, sorted by unit number.",
                "description_kind": "plain",
                "computed": true
              },
              "num_cores_per_socket": {
                "type": "number",
                "description": "The number of cores to distribute amongst the CPUs in this virtual machine. If specified, the value supplied to num_cpus must be evenly divisible by this value.",
                "description_kind": "plain",
                "optional": true
              },
              "num_cpus": {
                "type": "number",
                "description": "The number of virtual processors to assign to this virtual machine.",
                "description_kind": "plain",
                "optional": true
              },
              "replace_trigger": {
                "type": "string",
                "description": "Triggers replacement of resource whenever it changes.",
                "description_kind": "plain",
                "optional": true
              },
              "run_tools_scripts_after_power_on": {
                "type": "bool",
                "description": "Enable the run of scripts after virtual machine power-on when VMware Tools is installed.",
                "description_kind": "plain",
                "optional": true
              },
              "run_tools_scripts_after_resume": {
                "type": "bool",
                "description": "Enable the run of scripts after virtual machine resume when when VMware Tools is installed.",
                "description_kind": "plain",
                "optional": true
              },
              "run_tools_scripts_before_guest_reboot": {
                "type": "bool",
                "description": "Enable the run of scripts before guest operating system reboot when VMware Tools is installed.",
                "description_kind": "plain",
                "optional": true
              },
              "run_tools_scripts_before_guest_shutdown": {
                "type": "bool",
                "description": "Enable the run of scripts before guest operating system shutdown when VMware Tools is installed.",
                "description_kind": "plain",
                "optional": true
              },
              "run_tools_scripts_before_guest_standby": {
                "type": "bool",
                "description": "Enable the run of scripts before guest operating system standby when VMware Tools is installed.",
                "description_kind": "plain",
                "optional": true
              },
              "sata_controller_scan_count": {
                "type": "number",
                "description": "The number of SATA controllers to scan for disk sizes and controller types on.",
                "description_kind": "plain",
                "optional": true
              },
              "scsi_bus_sharing": {
                "type": "string",
                "description": "Mode for sharing the SCSI bus.",
                "description_kind": "plain",
                "computed": true
              },
              "scsi_controller_scan_count": {
                "type": "number",
                "description": "The number of SCSI controllers to scan for disk sizes and controller types on.",
                "description_kind": "plain",
                "optional": true
              },
              "scsi_type": {
                "type": "string",
                "description": "The common SCSI bus type of all controllers on the virtual machine.",
                "description_kind": "plain",
                "computed": true
              },
              "storage_policy_id": {
                "type": "string",
                "description": "The ID of the storage policy to assign to the virtual machine home directory.",
                "description_kind": "plain",
                "optional": true,
                "computed": true
              },
              "swap_placement_policy": {
                "type": "string",
                "description": "The swap file placement policy for this virtual machine. Can be one of inherit, hostLocal, or vmDirectory.",
                "description_kind": "plain",
                "optional": true
              },
              "sync_time_with_host": {
                "type": "bool",
                "description": "Enable guest clock synchronization with the host. On vSphere 7.0 U1 and above, with only this setting the clock is synchronized on startup and resume. Requires VMware Tools to be installed.",
                "description_kind": "plain",
                "optional": true
              },
              "sync_time_with_host_periodically": {
                "type": "bool",
                "description": "Enable periodic clock synchronization with the host. Supported only on vSphere 7.0 U1 and above. On prior versions setting `sync_time_with_host` is enough for periodic synchronization. Requires VMware Tools to be installed.",
                "description_kind": "plain",
                "optional": true
              },
              "tools_upgrade_policy": {
                "type": "string",
                "description": "Set the upgrade policy for VMware Tools. Can be one of `manual` or `upgradeAtPowerCycle`.",
                "description_kind": "plain",
                "optional": true
              },
              "uuid": {
                "type": "string",
                "description": "The UUID of the virtual machine. Also exposed as the ID of the resource.",
                "description_kind": "plain",
                "optional": true,
                "computed": true
              },
              "vapp_transport": {
                "type": [
                  "list",
                  "string"
                ],
                "description": "vApp transport methods supported by virtual machine.",
                "description_kind": "plain",
                "computed": true
              },
              "vbs_enabled": {
                "type": "bool",
                "description": "Flag to specify if Virtualization-based security is enabled for this virtual machine.",
                "description_kind": "plain",
                "optional": true
              },
              "vvtd_enabled": {
                "type": "bool",
                "description": "Flag to specify if I/O MMU virtualization, also called Intel Virtualization Technology for Directed I/O (VT-d) and AMD I/O Virtualization (AMD-Vi or IOMMU), is enabled.",
                "description_kind": "plain",
                "optional": true
              }
            },
            "block_types": {
              "vapp": {
                "nesting_mode": "list",
                "block": {
                  "attributes": {
                    "properties": {
                      "type": [
                        "map",
                        "string"
                      ],
                      "description": "A map of customizable vApp properties and their values. Allows customization of VMs cloned from OVF templates which have customizable vApp properties.",
                      "description_kind": "plain",
                      "optional": true
                    }
                  },
                  "description": "vApp configuration data for this virtual machine. Can be used to provide configuration data for OVF images.",
                  "description_kind": "plain"
                },
                "max_items": 1
              }
            },
            "description_kind": "plain"
          }
        },
        "vsphere_vmfs_disks": {
          "version": 0,
          "block": {
            "attributes": {
              "disks": {
                "type": [
                  "list",
                  "string"
                ],
                "description": "The names of the disks discovered by the search.",
                "description_kind": "plain",
                "computed": true
              },
              "filter": {
                "type": "string",
                "description": "A regular expression to filter the disks against. Only disks with canonical names that match will be included.",
                "description_kind": "plain",
                "optional": true
              },
              "host_system_id": {
                "type": "string",
                "description": "The managed object ID of the host to search for disks on.",
                "description_kind": "plain",
                "required": true
              },
              "id": {
                "type": "string",
                "description_kind": "plain",
                "optional": true,
                "computed": true
              },
              "rescan": {
                "type": "bool",
                "description": "Rescan the system for disks before querying. This may lengthen the time it takes to gather information.",
                "description_kind": "plain",
                "optional": true
              }
            },
            "description_kind": "plain"
          }
        }
      }
    }
  }
}
