{
  "format_version": "1.0",
  "provider_schemas": {
    "registry.terraform.io/vultr/vultr": {
      "provider": {
        "version": 0,
        "block": {
          "attributes": {
            "api_key": {
              "type": "string",
              "description": "The API Key that allows interaction with the API",
              "description_kind": "plain",
              "required": true
            },
            "rate_limit": {
              "type": "number",
              "description": "Allows users to set the speed of API calls to work with the Vultr Rate Limit",
              "description_kind": "plain",
              "optional": true
            },
            "retry_limit": {
              "type": "number",
              "description": "Allows users to set the maximum number of retries allowed for a failed API call.",
              "description_kind": "plain",
              "optional": true
            }
          },
          "description_kind": "plain"
        }
      },
      "resource_schemas": {
        "vultr_bare_metal_server": {
          "version": 0,
          "block": {
            "attributes": {
              "activation_email": {
                "type": "bool",
                "description_kind": "plain",
                "optional": true
              },
              "app_id": {
                "type": "number",
                "description_kind": "plain",
                "optional": true,
                "computed": true
              },
              "cpu_count": {
                "type": "number",
                "description_kind": "plain",
                "computed": true
              },
              "date_created": {
                "type": "string",
                "description_kind": "plain",
                "computed": true
              },
              "default_password": {
                "type": "string",
                "description_kind": "plain",
                "computed": true,
                "sensitive": true
              },
              "disk": {
                "type": "string",
                "description_kind": "plain",
                "computed": true
              },
              "enable_ipv6": {
                "type": "bool",
                "description_kind": "plain",
                "optional": true
              },
              "gateway_v4": {
                "type": "string",
                "description_kind": "plain",
                "computed": true
              },
              "hostname": {
                "type": "string",
                "description_kind": "plain",
                "optional": true
              },
              "id": {
                "type": "string",
                "description_kind": "plain",
                "optional": true,
                "computed": true
              },
              "image_id": {
                "type": "string",
                "description_kind": "plain",
                "optional": true,
                "computed": true
              },
              "label": {
                "type": "string",
                "description_kind": "plain",
                "optional": true
              },
              "mac_address": {
                "type": "number",
                "description_kind": "plain",
                "computed": true
              },
              "main_ip": {
                "type": "string",
                "description_kind": "plain",
                "computed": true
              },
              "netmask_v4": {
                "type": "string",
                "description_kind": "plain",
                "computed": true
              },
              "os": {
                "type": "string",
                "description_kind": "plain",
                "computed": true
              },
              "os_id": {
                "type": "number",
                "description_kind": "plain",
                "optional": true,
                "computed": true
              },
              "plan": {
                "type": "string",
                "description_kind": "plain",
                "required": true
              },
              "ram": {
                "type": "string",
                "description_kind": "plain",
                "computed": true
              },
              "region": {
                "type": "string",
                "description_kind": "plain",
                "required": true
              },
              "reserved_ipv4": {
                "type": "string",
                "description_kind": "plain",
                "optional": true,
                "computed": true
              },
              "script_id": {
                "type": "string",
                "description_kind": "plain",
                "optional": true
              },
              "snapshot_id": {
                "type": "string",
                "description_kind": "plain",
                "optional": true
              },
              "ssh_key_ids": {
                "type": [
                  "list",
                  "string"
                ],
                "description_kind": "plain",
                "optional": true
              },
              "status": {
                "type": "string",
                "description_kind": "plain",
                "computed": true
              },
              "tags": {
                "type": [
                  "set",
                  "string"
                ],
                "description_kind": "plain",
                "optional": true
              },
              "user_data": {
                "type": "string",
                "description_kind": "plain",
                "optional": true,
                "computed": true
              },
              "v6_main_ip": {
                "type": "string",
                "description_kind": "plain",
                "computed": true
              },
              "v6_network": {
                "type": "string",
                "description_kind": "plain",
                "computed": true
              },
              "v6_network_size": {
                "type": "number",
                "description_kind": "plain",
                "computed": true
              }
            },
            "block_types": {
              "timeouts": {
                "nesting_mode": "single",
                "block": {
                  "attributes": {
                    "create": {
                      "type": "string",
                      "description_kind": "plain",
                      "optional": true
                    },
                    "update": {
                      "type": "string",
                      "description_kind": "plain",
                      "optional": true
                    }
                  },
                  "description_kind": "plain"
                }
              }
            },
            "description_kind": "plain"
          }
        },
        "vultr_block_storage": {
          "version": 0,
          "block": {
            "attributes": {
              "attached_to_instance": {
                "type": "string",
                "description_kind": "plain",
                "optional": true
              },
              "block_type": {
                "type": "string",
                "description_kind": "plain",
                "optional": true,
                "computed": true
              },
              "cost": {
                "type": "number",
                "description_kind": "plain",
                "computed": true
              },
              "date_created": {
                "type": "string",
                "description_kind": "plain",
                "computed": true
              },
              "id": {
                "type": "string",
                "description_kind": "plain",
                "optional": true,
                "computed": true
              },
              "label": {
                "type": "string",
                "description_kind": "plain",
                "optional": true
              },
              "live": {
                "type": "bool",
                "description_kind": "plain",
                "optional": true
              },
              "mount_id": {
                "type": "string",
                "description_kind": "plain",
                "computed": true
              },
              "region": {
                "type": "string",
                "description_kind": "plain",
                "required": true
              },
              "size_gb": {
                "type": "number",
                "description_kind": "plain",
                "required": true
              },
              "status": {
                "type": "string",
                "description_kind": "plain",
                "computed": true
              }
            },
            "description_kind": "plain"
          }
        },
        "vultr_dns_domain": {
          "version": 0,
          "block": {
            "attributes": {
              "date_created": {
                "type": "string",
                "description_kind": "plain",
                "computed": true
              },
              "dns_sec": {
                "type": "string",
                "description_kind": "plain",
                "optional": true
              },
              "domain": {
                "type": "string",
                "description_kind": "plain",
                "required": true
              },
              "id": {
                "type": "string",
                "description_kind": "plain",
                "optional": true,
                "computed": true
              },
              "ip": {
                "type": "string",
                "description_kind": "plain",
                "optional": true
              }
            },
            "description_kind": "plain"
          }
        },
        "vultr_dns_record": {
          "version": 0,
          "block": {
            "attributes": {
              "data": {
                "type": "string",
                "description_kind": "plain",
                "required": true
              },
              "domain": {
                "type": "string",
                "description_kind": "plain",
                "required": true
              },
              "id": {
                "type": "string",
                "description_kind": "plain",
                "optional": true,
                "computed": true
              },
              "name": {
                "type": "string",
                "description_kind": "plain",
                "required": true
              },
              "priority": {
                "type": "number",
                "description_kind": "plain",
                "optional": true
              },
              "ttl": {
                "type": "number",
                "description_kind": "plain",
                "optional": true
              },
              "type": {
                "type": "string",
                "description_kind": "plain",
                "required": true
              }
            },
            "description_kind": "plain"
          }
        },
        "vultr_firewall_group": {
          "version": 0,
          "block": {
            "attributes": {
              "date_created": {
                "type": "string",
                "description_kind": "plain",
                "computed": true
              },
              "date_modified": {
                "type": "string",
                "description_kind": "plain",
                "computed": true
              },
              "description": {
                "type": "string",
                "description_kind": "plain",
                "optional": true
              },
              "id": {
                "type": "string",
                "description_kind": "plain",
                "optional": true,
                "computed": true
              },
              "instance_count": {
                "type": "number",
                "description_kind": "plain",
                "computed": true
              },
              "max_rule_count": {
                "type": "number",
                "description_kind": "plain",
                "computed": true
              },
              "rule_count": {
                "type": "number",
                "description_kind": "plain",
                "computed": true
              }
            },
            "description_kind": "plain"
          }
        },
        "vultr_firewall_rule": {
          "version": 0,
          "block": {
            "attributes": {
              "firewall_group_id": {
                "type": "string",
                "description_kind": "plain",
                "required": true
              },
              "id": {
                "type": "string",
                "description_kind": "plain",
                "optional": true,
                "computed": true
              },
              "ip_type": {
                "type": "string",
                "description_kind": "plain",
                "required": true
              },
              "notes": {
                "type": "string",
                "description_kind": "plain",
                "optional": true
              },
              "port": {
                "type": "string",
                "description_kind": "plain",
                "optional": true
              },
              "protocol": {
                "type": "string",
                "description_kind": "plain",
                "required": true
              },
              "source": {
                "type": "string",
                "description_kind": "plain",
                "optional": true
              },
              "subnet": {
                "type": "string",
                "description_kind": "plain",
                "required": true
              },
              "subnet_size": {
                "type": "number",
                "description_kind": "plain",
                "required": true
              }
            },
            "description_kind": "plain"
          }
        },
        "vultr_instance": {
          "version": 0,
          "block": {
            "attributes": {
              "activation_email": {
                "type": "bool",
                "description_kind": "plain",
                "optional": true
              },
              "allowed_bandwidth": {
                "type": "number",
                "description_kind": "plain",
                "computed": true
              },
              "app_id": {
                "type": "number",
                "description_kind": "plain",
                "optional": true,
                "computed": true
              },
              "backups": {
                "type": "string",
                "description_kind": "plain",
                "optional": true
              },
              "date_created": {
                "type": "string",
                "description_kind": "plain",
                "computed": true
              },
              "ddos_protection": {
                "type": "bool",
                "description_kind": "plain",
                "optional": true
              },
              "default_password": {
                "type": "string",
                "description_kind": "plain",
                "computed": true,
                "sensitive": true
              },
              "disk": {
                "type": "number",
                "description_kind": "plain",
                "computed": true
              },
              "enable_ipv6": {
                "type": "bool",
                "description_kind": "plain",
                "optional": true
              },
              "features": {
                "type": [
                  "list",
                  "string"
                ],
                "description_kind": "plain",
                "computed": true
              },
              "firewall_group_id": {
                "type": "string",
                "description_kind": "plain",
                "optional": true,
                "computed": true
              },
              "gateway_v4": {
                "type": "string",
                "description_kind": "plain",
                "computed": true
              },
              "hostname": {
                "type": "string",
                "description": "The hostname of the instance. Updating the hostname will cause a force new. This behavior is in place to prevent accidental reinstalls. Issuing an update to the hostname on UI or API issues a reinstall of the OS.",
                "description_kind": "plain",
                "optional": true,
                "computed": true
              },
              "id": {
                "type": "string",
                "description_kind": "plain",
                "optional": true,
                "computed": true
              },
              "image_id": {
                "type": "string",
                "description_kind": "plain",
                "optional": true,
                "computed": true
              },
              "internal_ip": {
                "type": "string",
                "description_kind": "plain",
                "computed": true
              },
              "iso_id": {
                "type": "string",
                "description_kind": "plain",
                "optional": true
              },
              "kvm": {
                "type": "string",
                "description_kind": "plain",
                "computed": true
              },
              "label": {
                "type": "string",
                "description_kind": "plain",
                "optional": true,
                "computed": true
              },
              "main_ip": {
                "type": "string",
                "description_kind": "plain",
                "computed": true
              },
              "netmask_v4": {
                "type": "string",
                "description_kind": "plain",
                "computed": true
              },
              "os": {
                "type": "string",
                "description_kind": "plain",
                "computed": true
              },
              "os_id": {
                "type": "number",
                "description_kind": "plain",
                "optional": true,
                "computed": true
              },
              "plan": {
                "type": "string",
                "description_kind": "plain",
                "required": true
              },
              "power_status": {
                "type": "string",
                "description_kind": "plain",
                "computed": true
              },
              "private_network_ids": {
                "type": [
                  "set",
                  "string"
                ],
                "description_kind": "plain",
                "deprecated": true,
                "optional": true,
                "computed": true
              },
              "ram": {
                "type": "number",
                "description_kind": "plain",
                "computed": true
              },
              "region": {
                "type": "string",
                "description_kind": "plain",
                "required": true
              },
              "reserved_ip_id": {
                "type": "string",
                "description_kind": "plain",
                "optional": true,
                "computed": true
              },
              "script_id": {
                "type": "string",
                "description_kind": "plain",
                "optional": true,
                "computed": true
              },
              "server_status": {
                "type": "string",
                "description_kind": "plain",
                "computed": true
              },
              "snapshot_id": {
                "type": "string",
                "description_kind": "plain",
                "optional": true,
                "computed": true
              },
              "ssh_key_ids": {
                "type": [
                  "list",
                  "string"
                ],
                "description_kind": "plain",
                "optional": true
              },
              "status": {
                "type": "string",
                "description_kind": "plain",
                "computed": true
              },
              "tags": {
                "type": [
                  "set",
                  "string"
                ],
                "description_kind": "plain",
                "optional": true
              },
              "user_data": {
                "type": "string",
                "description_kind": "plain",
                "optional": true,
                "computed": true
              },
              "v6_main_ip": {
                "type": "string",
                "description_kind": "plain",
                "computed": true
              },
              "v6_network": {
                "type": "string",
                "description_kind": "plain",
                "computed": true
              },
              "v6_network_size": {
                "type": "number",
                "description_kind": "plain",
                "computed": true
              },
              "vcpu_count": {
                "type": "number",
                "description_kind": "plain",
                "computed": true
              },
              "vpc_ids": {
                "type": [
                  "set",
                  "string"
                ],
                "description_kind": "plain",
                "optional": true,
                "computed": true
              }
            },
            "block_types": {
              "backups_schedule": {
                "nesting_mode": "list",
                "block": {
                  "attributes": {
                    "dom": {
                      "type": "number",
                      "description_kind": "plain",
                      "optional": true,
                      "computed": true
                    },
                    "dow": {
                      "type": "number",
                      "description_kind": "plain",
                      "optional": true,
                      "computed": true
                    },
                    "hour": {
                      "type": "number",
                      "description_kind": "plain",
                      "optional": true,
                      "computed": true
                    },
                    "type": {
                      "type": "string",
                      "description_kind": "plain",
                      "required": true
                    }
                  },
                  "description_kind": "plain"
                },
                "max_items": 1
              },
              "timeouts": {
                "nesting_mode": "single",
                "block": {
                  "attributes": {
                    "create": {
                      "type": "string",
                      "description_kind": "plain",
                      "optional": true
                    },
                    "update": {
                      "type": "string",
                      "description_kind": "plain",
                      "optional": true
                    }
                  },
                  "description_kind": "plain"
                }
              }
            },
            "description_kind": "plain"
          }
        },
        "vultr_instance_ipv4": {
          "version": 0,
          "block": {
            "attributes": {
              "gateway": {
                "type": "string",
                "description_kind": "plain",
                "computed": true
              },
              "id": {
                "type": "string",
                "description_kind": "plain",
                "optional": true,
                "computed": true
              },
              "instance_id": {
                "type": "string",
                "description_kind": "plain",
                "required": true
              },
              "ip": {
                "type": "string",
                "description_kind": "plain",
                "computed": true
              },
              "netmask": {
                "type": "string",
                "description_kind": "plain",
                "computed": true
              },
              "reboot": {
                "type": "bool",
                "description_kind": "plain",
                "optional": true
              },
              "reverse": {
                "type": "string",
                "description_kind": "plain",
                "computed": true
              }
            },
            "description_kind": "plain"
          }
        },
        "vultr_iso_private": {
          "version": 0,
          "block": {
            "attributes": {
              "date_created": {
                "type": "string",
                "description_kind": "plain",
                "computed": true
              },
              "filename": {
                "type": "string",
                "description_kind": "plain",
                "computed": true
              },
              "id": {
                "type": "string",
                "description_kind": "plain",
                "optional": true,
                "computed": true
              },
              "md5sum": {
                "type": "string",
                "description_kind": "plain",
                "computed": true
              },
              "sha512sum": {
                "type": "string",
                "description_kind": "plain",
                "computed": true
              },
              "size": {
                "type": "number",
                "description_kind": "plain",
                "computed": true
              },
              "status": {
                "type": "string",
                "description_kind": "plain",
                "computed": true
              },
              "url": {
                "type": "string",
                "description_kind": "plain",
                "required": true
              }
            },
            "description_kind": "plain"
          }
        },
        "vultr_kubernetes": {
          "version": 0,
          "block": {
            "attributes": {
              "cluster_subnet": {
                "type": "string",
                "description_kind": "plain",
                "computed": true
              },
              "date_created": {
                "type": "string",
                "description_kind": "plain",
                "computed": true
              },
              "endpoint": {
                "type": "string",
                "description_kind": "plain",
                "computed": true
              },
              "id": {
                "type": "string",
                "description_kind": "plain",
                "optional": true,
                "computed": true
              },
              "ip": {
                "type": "string",
                "description_kind": "plain",
                "computed": true
              },
              "kube_config": {
                "type": "string",
                "description": "Base64 encoded KubeConfig",
                "description_kind": "plain",
                "computed": true
              },
              "label": {
                "type": "string",
                "description_kind": "plain",
                "required": true
              },
              "region": {
                "type": "string",
                "description_kind": "plain",
                "required": true
              },
              "service_subnet": {
                "type": "string",
                "description_kind": "plain",
                "computed": true
              },
              "status": {
                "type": "string",
                "description_kind": "plain",
                "computed": true
              },
              "version": {
                "type": "string",
                "description_kind": "plain",
                "required": true
              }
            },
            "block_types": {
              "node_pools": {
                "nesting_mode": "list",
                "block": {
                  "attributes": {
                    "auto_scaler": {
                      "type": "bool",
                      "description_kind": "plain",
                      "optional": true
                    },
                    "date_created": {
                      "type": "string",
                      "description_kind": "plain",
                      "computed": true
                    },
                    "date_updated": {
                      "type": "string",
                      "description_kind": "plain",
                      "computed": true
                    },
                    "id": {
                      "type": "string",
                      "description_kind": "plain",
                      "computed": true
                    },
                    "label": {
                      "type": "string",
                      "description_kind": "plain",
                      "required": true
                    },
                    "max_nodes": {
                      "type": "number",
                      "description_kind": "plain",
                      "optional": true
                    },
                    "min_nodes": {
                      "type": "number",
                      "description_kind": "plain",
                      "optional": true
                    },
                    "node_quantity": {
                      "type": "number",
                      "description_kind": "plain",
                      "required": true
                    },
                    "nodes": {
                      "type": [
                        "list",
                        [
                          "object",
                          {
                            "date_created": "string",
                            "id": "string",
                            "label": "string",
                            "status": "string"
                          }
                        ]
                      ],
                      "description_kind": "plain",
                      "computed": true
                    },
                    "plan": {
                      "type": "string",
                      "description_kind": "plain",
                      "required": true
                    },
                    "status": {
                      "type": "string",
                      "description_kind": "plain",
                      "computed": true
                    },
                    "tag": {
                      "type": "string",
                      "description_kind": "plain",
                      "computed": true
                    }
                  },
                  "description_kind": "plain"
                },
                "max_items": 1
              }
            },
            "description_kind": "plain"
          }
        },
        "vultr_kubernetes_node_pools": {
          "version": 0,
          "block": {
            "attributes": {
              "auto_scaler": {
                "type": "bool",
                "description_kind": "plain",
                "optional": true
              },
              "cluster_id": {
                "type": "string",
                "description_kind": "plain",
                "required": true
              },
              "date_created": {
                "type": "string",
                "description_kind": "plain",
                "computed": true
              },
              "date_updated": {
                "type": "string",
                "description_kind": "plain",
                "computed": true
              },
              "id": {
                "type": "string",
                "description_kind": "plain",
                "computed": true
              },
              "label": {
                "type": "string",
                "description_kind": "plain",
                "required": true
              },
              "max_nodes": {
                "type": "number",
                "description_kind": "plain",
                "optional": true
              },
              "min_nodes": {
                "type": "number",
                "description_kind": "plain",
                "optional": true
              },
              "node_quantity": {
                "type": "number",
                "description_kind": "plain",
                "required": true
              },
              "nodes": {
                "type": [
                  "list",
                  [
                    "object",
                    {
                      "date_created": "string",
                      "id": "string",
                      "label": "string",
                      "status": "string"
                    }
                  ]
                ],
                "description_kind": "plain",
                "computed": true
              },
              "plan": {
                "type": "string",
                "description_kind": "plain",
                "required": true
              },
              "status": {
                "type": "string",
                "description_kind": "plain",
                "computed": true
              },
              "tag": {
                "type": "string",
                "description_kind": "plain",
                "optional": true
              }
            },
            "description_kind": "plain"
          }
        },
        "vultr_load_balancer": {
          "version": 0,
          "block": {
            "attributes": {
              "attached_instances": {
                "type": [
                  "list",
                  "string"
                ],
                "description_kind": "plain",
                "optional": true,
                "computed": true
              },
              "balancing_algorithm": {
                "type": "string",
                "description_kind": "plain",
                "optional": true,
                "computed": true
              },
              "cookie_name": {
                "type": "string",
                "description_kind": "plain",
                "optional": true
              },
              "has_ssl": {
                "type": "bool",
                "description_kind": "plain",
                "computed": true
              },
              "id": {
                "type": "string",
                "description_kind": "plain",
                "optional": true,
                "computed": true
              },
              "ipv4": {
                "type": "string",
                "description_kind": "plain",
                "computed": true
              },
              "ipv6": {
                "type": "string",
                "description_kind": "plain",
                "computed": true
              },
              "label": {
                "type": "string",
                "description_kind": "plain",
                "optional": true
              },
              "private_network": {
                "type": "string",
                "description_kind": "plain",
                "deprecated": true,
                "optional": true
              },
              "proxy_protocol": {
                "type": "bool",
                "description_kind": "plain",
                "optional": true
              },
              "region": {
                "type": "string",
                "description_kind": "plain",
                "required": true
              },
              "ssl_redirect": {
                "type": "bool",
                "description_kind": "plain",
                "optional": true
              },
              "status": {
                "type": "string",
                "description_kind": "plain",
                "computed": true
              },
              "vpc": {
                "type": "string",
                "description_kind": "plain",
                "optional": true
              }
            },
            "block_types": {
              "firewall_rules": {
                "nesting_mode": "set",
                "block": {
                  "attributes": {
                    "id": {
                      "type": "string",
                      "description_kind": "plain",
                      "computed": true
                    },
                    "ip_type": {
                      "type": "string",
                      "description_kind": "plain",
                      "required": true
                    },
                    "port": {
                      "type": "number",
                      "description_kind": "plain",
                      "required": true
                    },
                    "source": {
                      "type": "string",
                      "description_kind": "plain",
                      "required": true
                    }
                  },
                  "description_kind": "plain"
                }
              },
              "forwarding_rules": {
                "nesting_mode": "set",
                "block": {
                  "attributes": {
                    "backend_port": {
                      "type": "number",
                      "description_kind": "plain",
                      "required": true
                    },
                    "backend_protocol": {
                      "type": "string",
                      "description_kind": "plain",
                      "required": true
                    },
                    "frontend_port": {
                      "type": "number",
                      "description_kind": "plain",
                      "required": true
                    },
                    "frontend_protocol": {
                      "type": "string",
                      "description_kind": "plain",
                      "required": true
                    },
                    "rule_id": {
                      "type": "string",
                      "description_kind": "plain",
                      "computed": true
                    }
                  },
                  "description_kind": "plain"
                },
                "min_items": 1
              },
              "health_check": {
                "nesting_mode": "list",
                "block": {
                  "attributes": {
                    "check_interval": {
                      "type": "number",
                      "description_kind": "plain",
                      "required": true
                    },
                    "healthy_threshold": {
                      "type": "number",
                      "description_kind": "plain",
                      "required": true
                    },
                    "path": {
                      "type": "string",
                      "description_kind": "plain",
                      "optional": true
                    },
                    "port": {
                      "type": "number",
                      "description_kind": "plain",
                      "required": true
                    },
                    "protocol": {
                      "type": "string",
                      "description_kind": "plain",
                      "required": true
                    },
                    "response_timeout": {
                      "type": "number",
                      "description_kind": "plain",
                      "required": true
                    },
                    "unhealthy_threshold": {
                      "type": "number",
                      "description_kind": "plain",
                      "required": true
                    }
                  },
                  "description_kind": "plain"
                },
                "max_items": 1
              },
              "ssl": {
                "nesting_mode": "set",
                "block": {
                  "attributes": {
                    "certificate": {
                      "type": "string",
                      "description_kind": "plain",
                      "required": true
                    },
                    "chain": {
                      "type": "string",
                      "description_kind": "plain",
                      "optional": true
                    },
                    "private_key": {
                      "type": "string",
                      "description_kind": "plain",
                      "required": true,
                      "sensitive": true
                    }
                  },
                  "description_kind": "plain"
                },
                "max_items": 1
              }
            },
            "description_kind": "plain"
          }
        },
        "vultr_object_storage": {
          "version": 0,
          "block": {
            "attributes": {
              "cluster_id": {
                "type": "number",
                "description_kind": "plain",
                "required": true
              },
              "date_created": {
                "type": "string",
                "description_kind": "plain",
                "computed": true
              },
              "id": {
                "type": "string",
                "description_kind": "plain",
                "optional": true,
                "computed": true
              },
              "label": {
                "type": "string",
                "description_kind": "plain",
                "optional": true
              },
              "location": {
                "type": "string",
                "description_kind": "plain",
                "computed": true
              },
              "region": {
                "type": "string",
                "description_kind": "plain",
                "computed": true
              },
              "s3_access_key": {
                "type": "string",
                "description_kind": "plain",
                "computed": true,
                "sensitive": true
              },
              "s3_hostname": {
                "type": "string",
                "description_kind": "plain",
                "computed": true
              },
              "s3_secret_key": {
                "type": "string",
                "description_kind": "plain",
                "computed": true,
                "sensitive": true
              },
              "status": {
                "type": "string",
                "description_kind": "plain",
                "computed": true
              }
            },
            "description_kind": "plain"
          }
        },
        "vultr_private_network": {
          "version": 0,
          "block": {
            "attributes": {
              "date_created": {
                "type": "string",
                "description_kind": "plain",
                "computed": true
              },
              "description": {
                "type": "string",
                "description_kind": "plain",
                "optional": true
              },
              "id": {
                "type": "string",
                "description_kind": "plain",
                "optional": true,
                "computed": true
              },
              "region": {
                "type": "string",
                "description_kind": "plain",
                "required": true
              },
              "v4_subnet": {
                "type": "string",
                "description_kind": "plain",
                "optional": true,
                "computed": true
              },
              "v4_subnet_mask": {
                "type": "number",
                "description_kind": "plain",
                "optional": true,
                "computed": true
              }
            },
            "description_kind": "plain",
            "deprecated": true
          }
        },
        "vultr_reserved_ip": {
          "version": 0,
          "block": {
            "attributes": {
              "id": {
                "type": "string",
                "description_kind": "plain",
                "optional": true,
                "computed": true
              },
              "instance_id": {
                "type": "string",
                "description_kind": "plain",
                "optional": true,
                "computed": true
              },
              "ip_type": {
                "type": "string",
                "description_kind": "plain",
                "required": true
              },
              "label": {
                "type": "string",
                "description_kind": "plain",
                "optional": true
              },
              "region": {
                "type": "string",
                "description_kind": "plain",
                "required": true
              },
              "subnet": {
                "type": "string",
                "description_kind": "plain",
                "computed": true
              },
              "subnet_size": {
                "type": "number",
                "description_kind": "plain",
                "computed": true
              }
            },
            "description_kind": "plain"
          }
        },
        "vultr_reverse_ipv4": {
          "version": 0,
          "block": {
            "attributes": {
              "gateway": {
                "type": "string",
                "description_kind": "plain",
                "computed": true
              },
              "id": {
                "type": "string",
                "description_kind": "plain",
                "optional": true,
                "computed": true
              },
              "instance_id": {
                "type": "string",
                "description_kind": "plain",
                "required": true
              },
              "ip": {
                "type": "string",
                "description_kind": "plain",
                "required": true
              },
              "netmask": {
                "type": "string",
                "description_kind": "plain",
                "computed": true
              },
              "reverse": {
                "type": "string",
                "description_kind": "plain",
                "required": true
              }
            },
            "description_kind": "plain"
          }
        },
        "vultr_reverse_ipv6": {
          "version": 0,
          "block": {
            "attributes": {
              "id": {
                "type": "string",
                "description_kind": "plain",
                "optional": true,
                "computed": true
              },
              "instance_id": {
                "type": "string",
                "description_kind": "plain",
                "required": true
              },
              "ip": {
                "type": "string",
                "description_kind": "plain",
                "required": true
              },
              "reverse": {
                "type": "string",
                "description_kind": "plain",
                "required": true
              }
            },
            "description_kind": "plain"
          }
        },
        "vultr_snapshot": {
          "version": 0,
          "block": {
            "attributes": {
              "app_id": {
                "type": "number",
                "description_kind": "plain",
                "computed": true
              },
              "date_created": {
                "type": "string",
                "description_kind": "plain",
                "computed": true
              },
              "description": {
                "type": "string",
                "description_kind": "plain",
                "optional": true
              },
              "id": {
                "type": "string",
                "description_kind": "plain",
                "optional": true,
                "computed": true
              },
              "instance_id": {
                "type": "string",
                "description_kind": "plain",
                "required": true
              },
              "os_id": {
                "type": "number",
                "description_kind": "plain",
                "computed": true
              },
              "size": {
                "type": "number",
                "description_kind": "plain",
                "computed": true
              },
              "status": {
                "type": "string",
                "description_kind": "plain",
                "computed": true
              }
            },
            "description_kind": "plain"
          }
        },
        "vultr_snapshot_from_url": {
          "version": 0,
          "block": {
            "attributes": {
              "app_id": {
                "type": "number",
                "description_kind": "plain",
                "computed": true
              },
              "date_created": {
                "type": "string",
                "description_kind": "plain",
                "computed": true
              },
              "description": {
                "type": "string",
                "description_kind": "plain",
                "computed": true
              },
              "id": {
                "type": "string",
                "description_kind": "plain",
                "optional": true,
                "computed": true
              },
              "os_id": {
                "type": "number",
                "description_kind": "plain",
                "computed": true
              },
              "size": {
                "type": "number",
                "description_kind": "plain",
                "computed": true
              },
              "status": {
                "type": "string",
                "description_kind": "plain",
                "computed": true
              },
              "url": {
                "type": "string",
                "description_kind": "plain",
                "required": true
              }
            },
            "description_kind": "plain"
          }
        },
        "vultr_ssh_key": {
          "version": 0,
          "block": {
            "attributes": {
              "date_created": {
                "type": "string",
                "description_kind": "plain",
                "computed": true
              },
              "id": {
                "type": "string",
                "description_kind": "plain",
                "optional": true,
                "computed": true
              },
              "name": {
                "type": "string",
                "description_kind": "plain",
                "required": true
              },
              "ssh_key": {
                "type": "string",
                "description_kind": "plain",
                "required": true
              }
            },
            "description_kind": "plain"
          }
        },
        "vultr_startup_script": {
          "version": 0,
          "block": {
            "attributes": {
              "date_created": {
                "type": "string",
                "description_kind": "plain",
                "computed": true
              },
              "date_modified": {
                "type": "string",
                "description_kind": "plain",
                "computed": true
              },
              "id": {
                "type": "string",
                "description_kind": "plain",
                "optional": true,
                "computed": true
              },
              "name": {
                "type": "string",
                "description_kind": "plain",
                "required": true
              },
              "script": {
                "type": "string",
                "description_kind": "plain",
                "required": true
              },
              "type": {
                "type": "string",
                "description_kind": "plain",
                "optional": true
              }
            },
            "description_kind": "plain"
          }
        },
        "vultr_user": {
          "version": 0,
          "block": {
            "attributes": {
              "acl": {
                "type": [
                  "list",
                  "string"
                ],
                "description_kind": "plain",
                "optional": true
              },
              "api_enabled": {
                "type": "bool",
                "description_kind": "plain",
                "optional": true
              },
              "api_key": {
                "type": "string",
                "description_kind": "plain",
                "computed": true
              },
              "email": {
                "type": "string",
                "description_kind": "plain",
                "required": true
              },
              "id": {
                "type": "string",
                "description_kind": "plain",
                "optional": true,
                "computed": true
              },
              "name": {
                "type": "string",
                "description_kind": "plain",
                "required": true
              },
              "password": {
                "type": "string",
                "description_kind": "plain",
                "required": true,
                "sensitive": true
              }
            },
            "description_kind": "plain"
          }
        },
        "vultr_vpc": {
          "version": 0,
          "block": {
            "attributes": {
              "date_created": {
                "type": "string",
                "description_kind": "plain",
                "computed": true
              },
              "description": {
                "type": "string",
                "description_kind": "plain",
                "optional": true
              },
              "id": {
                "type": "string",
                "description_kind": "plain",
                "optional": true,
                "computed": true
              },
              "region": {
                "type": "string",
                "description_kind": "plain",
                "required": true
              },
              "v4_subnet": {
                "type": "string",
                "description_kind": "plain",
                "optional": true,
                "computed": true
              },
              "v4_subnet_mask": {
                "type": "number",
                "description_kind": "plain",
                "optional": true,
                "computed": true
              }
            },
            "description_kind": "plain"
          }
        }
      },
      "data_source_schemas": {
        "vultr_account": {
          "version": 0,
          "block": {
            "attributes": {
              "acl": {
                "type": [
                  "list",
                  "string"
                ],
                "description_kind": "plain",
                "computed": true
              },
              "balance": {
                "type": "number",
                "description_kind": "plain",
                "computed": true
              },
              "email": {
                "type": "string",
                "description_kind": "plain",
                "computed": true
              },
              "id": {
                "type": "string",
                "description_kind": "plain",
                "optional": true,
                "computed": true
              },
              "last_payment_amount": {
                "type": "number",
                "description_kind": "plain",
                "computed": true
              },
              "last_payment_date": {
                "type": "string",
                "description_kind": "plain",
                "computed": true
              },
              "name": {
                "type": "string",
                "description_kind": "plain",
                "computed": true
              },
              "pending_charges": {
                "type": "number",
                "description_kind": "plain",
                "computed": true
              }
            },
            "description_kind": "plain"
          }
        },
        "vultr_application": {
          "version": 0,
          "block": {
            "attributes": {
              "deploy_name": {
                "type": "string",
                "description_kind": "plain",
                "computed": true
              },
              "id": {
                "type": "string",
                "description_kind": "plain",
                "optional": true,
                "computed": true
              },
              "image_id": {
                "type": "string",
                "description_kind": "plain",
                "computed": true
              },
              "name": {
                "type": "string",
                "description_kind": "plain",
                "computed": true
              },
              "short_name": {
                "type": "string",
                "description_kind": "plain",
                "computed": true
              },
              "type": {
                "type": "string",
                "description_kind": "plain",
                "computed": true
              },
              "vendor": {
                "type": "string",
                "description_kind": "plain",
                "computed": true
              }
            },
            "block_types": {
              "filter": {
                "nesting_mode": "set",
                "block": {
                  "attributes": {
                    "name": {
                      "type": "string",
                      "description_kind": "plain",
                      "required": true
                    },
                    "values": {
                      "type": [
                        "list",
                        "string"
                      ],
                      "description_kind": "plain",
                      "required": true
                    }
                  },
                  "description_kind": "plain"
                }
              }
            },
            "description_kind": "plain"
          }
        },
        "vultr_backup": {
          "version": 0,
          "block": {
            "attributes": {
              "backups": {
                "type": [
                  "list",
                  [
                    "map",
                    "string"
                  ]
                ],
                "description_kind": "plain",
                "computed": true
              },
              "id": {
                "type": "string",
                "description_kind": "plain",
                "optional": true,
                "computed": true
              }
            },
            "block_types": {
              "filter": {
                "nesting_mode": "set",
                "block": {
                  "attributes": {
                    "name": {
                      "type": "string",
                      "description_kind": "plain",
                      "required": true
                    },
                    "values": {
                      "type": [
                        "list",
                        "string"
                      ],
                      "description_kind": "plain",
                      "required": true
                    }
                  },
                  "description_kind": "plain"
                }
              }
            },
            "description_kind": "plain"
          }
        },
        "vultr_bare_metal_plan": {
          "version": 0,
          "block": {
            "attributes": {
              "bandwidth": {
                "type": "number",
                "description_kind": "plain",
                "computed": true
              },
              "cpu_count": {
                "type": "number",
                "description_kind": "plain",
                "computed": true
              },
              "cpu_model": {
                "type": "string",
                "description_kind": "plain",
                "computed": true
              },
              "cpu_threads": {
                "type": "number",
                "description_kind": "plain",
                "computed": true
              },
              "disk": {
                "type": "number",
                "description_kind": "plain",
                "computed": true
              },
              "disk_count": {
                "type": "number",
                "description_kind": "plain",
                "computed": true
              },
              "id": {
                "type": "string",
                "description_kind": "plain",
                "optional": true,
                "computed": true
              },
              "locations": {
                "type": [
                  "list",
                  "string"
                ],
                "description_kind": "plain",
                "computed": true
              },
              "monthly_cost": {
                "type": "number",
                "description_kind": "plain",
                "computed": true
              },
              "ram": {
                "type": "number",
                "description_kind": "plain",
                "computed": true
              },
              "type": {
                "type": "string",
                "description_kind": "plain",
                "computed": true
              }
            },
            "block_types": {
              "filter": {
                "nesting_mode": "set",
                "block": {
                  "attributes": {
                    "name": {
                      "type": "string",
                      "description_kind": "plain",
                      "required": true
                    },
                    "values": {
                      "type": [
                        "list",
                        "string"
                      ],
                      "description_kind": "plain",
                      "required": true
                    }
                  },
                  "description_kind": "plain"
                }
              }
            },
            "description_kind": "plain"
          }
        },
        "vultr_bare_metal_server": {
          "version": 0,
          "block": {
            "attributes": {
              "app_id": {
                "type": "number",
                "description_kind": "plain",
                "computed": true
              },
              "cpu_count": {
                "type": "number",
                "description_kind": "plain",
                "computed": true
              },
              "date_created": {
                "type": "string",
                "description_kind": "plain",
                "computed": true
              },
              "disk": {
                "type": "string",
                "description_kind": "plain",
                "computed": true
              },
              "features": {
                "type": [
                  "list",
                  "string"
                ],
                "description_kind": "plain",
                "computed": true
              },
              "gateway_v4": {
                "type": "string",
                "description_kind": "plain",
                "computed": true
              },
              "id": {
                "type": "string",
                "description_kind": "plain",
                "optional": true,
                "computed": true
              },
              "image_id": {
                "type": "string",
                "description_kind": "plain",
                "computed": true
              },
              "label": {
                "type": "string",
                "description_kind": "plain",
                "computed": true
              },
              "mac_address": {
                "type": "number",
                "description_kind": "plain",
                "computed": true
              },
              "main_ip": {
                "type": "string",
                "description_kind": "plain",
                "computed": true
              },
              "netmask_v4": {
                "type": "string",
                "description_kind": "plain",
                "computed": true
              },
              "os": {
                "type": "string",
                "description_kind": "plain",
                "computed": true
              },
              "os_id": {
                "type": "number",
                "description_kind": "plain",
                "computed": true
              },
              "plan": {
                "type": "string",
                "description_kind": "plain",
                "computed": true
              },
              "ram": {
                "type": "string",
                "description_kind": "plain",
                "computed": true
              },
              "region": {
                "type": "string",
                "description_kind": "plain",
                "computed": true
              },
              "status": {
                "type": "string",
                "description_kind": "plain",
                "computed": true
              },
              "tags": {
                "type": [
                  "set",
                  "string"
                ],
                "description_kind": "plain",
                "computed": true
              },
              "v6_main_ip": {
                "type": "string",
                "description_kind": "plain",
                "computed": true
              },
              "v6_network": {
                "type": "string",
                "description_kind": "plain",
                "computed": true
              },
              "v6_network_size": {
                "type": "number",
                "description_kind": "plain",
                "computed": true
              }
            },
            "block_types": {
              "filter": {
                "nesting_mode": "set",
                "block": {
                  "attributes": {
                    "name": {
                      "type": "string",
                      "description_kind": "plain",
                      "required": true
                    },
                    "values": {
                      "type": [
                        "list",
                        "string"
                      ],
                      "description_kind": "plain",
                      "required": true
                    }
                  },
                  "description_kind": "plain"
                }
              }
            },
            "description_kind": "plain"
          }
        },
        "vultr_block_storage": {
          "version": 0,
          "block": {
            "attributes": {
              "attached_to_instance": {
                "type": "string",
                "description_kind": "plain",
                "computed": true
              },
              "block_type": {
                "type": "string",
                "description_kind": "plain",
                "computed": true
              },
              "cost": {
                "type": "number",
                "description_kind": "plain",
                "computed": true
              },
              "date_created": {
                "type": "string",
                "description_kind": "plain",
                "computed": true
              },
              "id": {
                "type": "string",
                "description_kind": "plain",
                "optional": true,
                "computed": true
              },
              "label": {
                "type": "string",
                "description_kind": "plain",
                "computed": true
              },
              "mount_id": {
                "type": "string",
                "description_kind": "plain",
                "computed": true
              },
              "region": {
                "type": "string",
                "description_kind": "plain",
                "computed": true
              },
              "size_gb": {
                "type": "number",
                "description_kind": "plain",
                "computed": true
              },
              "status": {
                "type": "string",
                "description_kind": "plain",
                "computed": true
              }
            },
            "block_types": {
              "filter": {
                "nesting_mode": "set",
                "block": {
                  "attributes": {
                    "name": {
                      "type": "string",
                      "description_kind": "plain",
                      "required": true
                    },
                    "values": {
                      "type": [
                        "list",
                        "string"
                      ],
                      "description_kind": "plain",
                      "required": true
                    }
                  },
                  "description_kind": "plain"
                }
              }
            },
            "description_kind": "plain"
          }
        },
        "vultr_dns_domain": {
          "version": 0,
          "block": {
            "attributes": {
              "date_created": {
                "type": "string",
                "description_kind": "plain",
                "computed": true
              },
              "dns_sec": {
                "type": "string",
                "description_kind": "plain",
                "computed": true
              },
              "domain": {
                "type": "string",
                "description": "name of the domain",
                "description_kind": "plain",
                "required": true
              },
              "id": {
                "type": "string",
                "description_kind": "plain",
                "optional": true,
                "computed": true
              }
            },
            "description_kind": "plain"
          }
        },
        "vultr_firewall_group": {
          "version": 0,
          "block": {
            "attributes": {
              "date_created": {
                "type": "string",
                "description_kind": "plain",
                "computed": true
              },
              "date_modified": {
                "type": "string",
                "description_kind": "plain",
                "computed": true
              },
              "description": {
                "type": "string",
                "description_kind": "plain",
                "computed": true
              },
              "id": {
                "type": "string",
                "description_kind": "plain",
                "optional": true,
                "computed": true
              },
              "instance_count": {
                "type": "number",
                "description_kind": "plain",
                "computed": true
              },
              "max_rule_count": {
                "type": "number",
                "description_kind": "plain",
                "computed": true
              },
              "rule_count": {
                "type": "number",
                "description_kind": "plain",
                "computed": true
              }
            },
            "block_types": {
              "filter": {
                "nesting_mode": "set",
                "block": {
                  "attributes": {
                    "name": {
                      "type": "string",
                      "description_kind": "plain",
                      "required": true
                    },
                    "values": {
                      "type": [
                        "list",
                        "string"
                      ],
                      "description_kind": "plain",
                      "required": true
                    }
                  },
                  "description_kind": "plain"
                }
              }
            },
            "description_kind": "plain"
          }
        },
        "vultr_instance": {
          "version": 0,
          "block": {
            "attributes": {
              "allowed_bandwidth": {
                "type": "number",
                "description_kind": "plain",
                "computed": true
              },
              "app_id": {
                "type": "number",
                "description_kind": "plain",
                "computed": true
              },
              "backups": {
                "type": "string",
                "description_kind": "plain",
                "computed": true
              },
              "backups_schedule": {
                "type": [
                  "map",
                  "string"
                ],
                "description_kind": "plain",
                "computed": true
              },
              "date_created": {
                "type": "string",
                "description_kind": "plain",
                "computed": true
              },
              "disk": {
                "type": "number",
                "description_kind": "plain",
                "computed": true
              },
              "features": {
                "type": [
                  "list",
                  "string"
                ],
                "description_kind": "plain",
                "computed": true
              },
              "firewall_group_id": {
                "type": "string",
                "description_kind": "plain",
                "computed": true
              },
              "gateway_v4": {
                "type": "string",
                "description_kind": "plain",
                "computed": true
              },
              "hostname": {
                "type": "string",
                "description_kind": "plain",
                "computed": true
              },
              "id": {
                "type": "string",
                "description_kind": "plain",
                "optional": true,
                "computed": true
              },
              "image_id": {
                "type": "string",
                "description_kind": "plain",
                "computed": true
              },
              "internal_ip": {
                "type": "string",
                "description_kind": "plain",
                "computed": true
              },
              "kvm": {
                "type": "string",
                "description_kind": "plain",
                "computed": true
              },
              "label": {
                "type": "string",
                "description_kind": "plain",
                "computed": true
              },
              "location": {
                "type": "string",
                "description_kind": "plain",
                "computed": true
              },
              "main_ip": {
                "type": "string",
                "description_kind": "plain",
                "computed": true
              },
              "netmask_v4": {
                "type": "string",
                "description_kind": "plain",
                "computed": true
              },
              "os": {
                "type": "string",
                "description_kind": "plain",
                "computed": true
              },
              "os_id": {
                "type": "number",
                "description_kind": "plain",
                "computed": true
              },
              "plan": {
                "type": "string",
                "description_kind": "plain",
                "computed": true
              },
              "power_status": {
                "type": "string",
                "description_kind": "plain",
                "computed": true
              },
              "private_network_ids": {
                "type": [
                  "list",
                  "string"
                ],
                "description_kind": "plain",
                "computed": true
              },
              "ram": {
                "type": "number",
                "description_kind": "plain",
                "computed": true
              },
              "region": {
                "type": "string",
                "description_kind": "plain",
                "computed": true
              },
              "server_status": {
                "type": "string",
                "description_kind": "plain",
                "computed": true
              },
              "status": {
                "type": "string",
                "description_kind": "plain",
                "computed": true
              },
              "tags": {
                "type": [
                  "set",
                  "string"
                ],
                "description_kind": "plain",
                "computed": true
              },
              "v6_main_ip": {
                "type": "string",
                "description_kind": "plain",
                "computed": true
              },
              "v6_network": {
                "type": "string",
                "description_kind": "plain",
                "computed": true
              },
              "v6_network_size": {
                "type": "number",
                "description_kind": "plain",
                "computed": true
              },
              "vcpu_count": {
                "type": "number",
                "description_kind": "plain",
                "computed": true
              },
              "vpc_ids": {
                "type": [
                  "list",
                  "string"
                ],
                "description_kind": "plain",
                "computed": true
              }
            },
            "block_types": {
              "filter": {
                "nesting_mode": "set",
                "block": {
                  "attributes": {
                    "name": {
                      "type": "string",
                      "description_kind": "plain",
                      "required": true
                    },
                    "values": {
                      "type": [
                        "list",
                        "string"
                      ],
                      "description_kind": "plain",
                      "required": true
                    }
                  },
                  "description_kind": "plain"
                }
              }
            },
            "description_kind": "plain"
          }
        },
        "vultr_instance_ipv4": {
          "version": 0,
          "block": {
            "attributes": {
              "gateway": {
                "type": "string",
                "description_kind": "plain",
                "computed": true
              },
              "id": {
                "type": "string",
                "description_kind": "plain",
                "optional": true,
                "computed": true
              },
              "instance_id": {
                "type": "string",
                "description_kind": "plain",
                "computed": true
              },
              "ip": {
                "type": "string",
                "description_kind": "plain",
                "computed": true
              },
              "netmask": {
                "type": "string",
                "description_kind": "plain",
                "computed": true
              },
              "reverse": {
                "type": "string",
                "description_kind": "plain",
                "computed": true
              }
            },
            "block_types": {
              "filter": {
                "nesting_mode": "set",
                "block": {
                  "attributes": {
                    "name": {
                      "type": "string",
                      "description_kind": "plain",
                      "required": true
                    },
                    "values": {
                      "type": [
                        "list",
                        "string"
                      ],
                      "description_kind": "plain",
                      "required": true
                    }
                  },
                  "description_kind": "plain"
                }
              }
            },
            "description_kind": "plain"
          }
        },
        "vultr_iso_private": {
          "version": 0,
          "block": {
            "attributes": {
              "date_created": {
                "type": "string",
                "description_kind": "plain",
                "computed": true
              },
              "filename": {
                "type": "string",
                "description_kind": "plain",
                "computed": true
              },
              "id": {
                "type": "string",
                "description_kind": "plain",
                "optional": true,
                "computed": true
              },
              "md5sum": {
                "type": "string",
                "description_kind": "plain",
                "computed": true
              },
              "sha512sum": {
                "type": "string",
                "description_kind": "plain",
                "computed": true
              },
              "size": {
                "type": "number",
                "description_kind": "plain",
                "computed": true
              },
              "status": {
                "type": "string",
                "description_kind": "plain",
                "computed": true
              }
            },
            "block_types": {
              "filter": {
                "nesting_mode": "set",
                "block": {
                  "attributes": {
                    "name": {
                      "type": "string",
                      "description_kind": "plain",
                      "required": true
                    },
                    "values": {
                      "type": [
                        "list",
                        "string"
                      ],
                      "description_kind": "plain",
                      "required": true
                    }
                  },
                  "description_kind": "plain"
                }
              }
            },
            "description_kind": "plain"
          }
        },
        "vultr_iso_public": {
          "version": 0,
          "block": {
            "attributes": {
              "description": {
                "type": "string",
                "description_kind": "plain",
                "computed": true
              },
              "id": {
                "type": "string",
                "description_kind": "plain",
                "optional": true,
                "computed": true
              },
              "md5sum": {
                "type": "string",
                "description_kind": "plain",
                "computed": true
              },
              "name": {
                "type": "string",
                "description_kind": "plain",
                "computed": true
              }
            },
            "block_types": {
              "filter": {
                "nesting_mode": "set",
                "block": {
                  "attributes": {
                    "name": {
                      "type": "string",
                      "description_kind": "plain",
                      "required": true
                    },
                    "values": {
                      "type": [
                        "list",
                        "string"
                      ],
                      "description_kind": "plain",
                      "required": true
                    }
                  },
                  "description_kind": "plain"
                }
              }
            },
            "description_kind": "plain"
          }
        },
        "vultr_kubernetes": {
          "version": 0,
          "block": {
            "attributes": {
              "cluster_subnet": {
                "type": "string",
                "description_kind": "plain",
                "computed": true
              },
              "date_created": {
                "type": "string",
                "description_kind": "plain",
                "computed": true
              },
              "endpoint": {
                "type": "string",
                "description_kind": "plain",
                "computed": true
              },
              "id": {
                "type": "string",
                "description_kind": "plain",
                "computed": true
              },
              "ip": {
                "type": "string",
                "description_kind": "plain",
                "computed": true
              },
              "kube_config": {
                "type": "string",
                "description_kind": "plain",
                "computed": true
              },
              "label": {
                "type": "string",
                "description_kind": "plain",
                "computed": true
              },
              "node_pools": {
                "type": [
                  "list",
                  [
                    "object",
                    {
                      "auto_scaler": "bool",
                      "date_created": "string",
                      "date_updated": "string",
                      "id": "string",
                      "label": "string",
                      "max_nodes": "number",
                      "min_nodes": "number",
                      "node_quantity": "number",
                      "nodes": [
                        "list",
                        [
                          "object",
                          {
                            "date_created": "string",
                            "id": "string",
                            "label": "string",
                            "status": "string"
                          }
                        ]
                      ],
                      "plan": "string",
                      "status": "string",
                      "tag": "string"
                    }
                  ]
                ],
                "description_kind": "plain",
                "computed": true
              },
              "region": {
                "type": "string",
                "description_kind": "plain",
                "computed": true
              },
              "service_subnet": {
                "type": "string",
                "description_kind": "plain",
                "computed": true
              },
              "status": {
                "type": "string",
                "description_kind": "plain",
                "computed": true
              },
              "version": {
                "type": "string",
                "description_kind": "plain",
                "computed": true
              }
            },
            "block_types": {
              "filter": {
                "nesting_mode": "set",
                "block": {
                  "attributes": {
                    "name": {
                      "type": "string",
                      "description_kind": "plain",
                      "required": true
                    },
                    "values": {
                      "type": [
                        "list",
                        "string"
                      ],
                      "description_kind": "plain",
                      "required": true
                    }
                  },
                  "description_kind": "plain"
                }
              }
            },
            "description_kind": "plain"
          }
        },
        "vultr_load_balancer": {
          "version": 0,
          "block": {
            "attributes": {
              "attached_instances": {
                "type": [
                  "list",
                  "string"
                ],
                "description_kind": "plain",
                "computed": true
              },
              "balancing_algorithm": {
                "type": "string",
                "description_kind": "plain",
                "computed": true
              },
              "cookie_name": {
                "type": "string",
                "description_kind": "plain",
                "computed": true
              },
              "date_created": {
                "type": "string",
                "description_kind": "plain",
                "computed": true
              },
              "firewall_rules": {
                "type": [
                  "list",
                  [
                    "map",
                    "string"
                  ]
                ],
                "description_kind": "plain",
                "computed": true
              },
              "forwarding_rules": {
                "type": [
                  "list",
                  [
                    "map",
                    "string"
                  ]
                ],
                "description_kind": "plain",
                "computed": true
              },
              "has_ssl": {
                "type": "bool",
                "description_kind": "plain",
                "computed": true
              },
              "health_check": {
                "type": [
                  "map",
                  "string"
                ],
                "description_kind": "plain",
                "computed": true
              },
              "id": {
                "type": "string",
                "description_kind": "plain",
                "optional": true,
                "computed": true
              },
              "ipv4": {
                "type": "string",
                "description_kind": "plain",
                "computed": true
              },
              "ipv6": {
                "type": "string",
                "description_kind": "plain",
                "computed": true
              },
              "label": {
                "type": "string",
                "description_kind": "plain",
                "computed": true
              },
              "private_network": {
                "type": "string",
                "description_kind": "plain",
                "computed": true
              },
              "proxy_protocol": {
                "type": "bool",
                "description_kind": "plain",
                "optional": true
              },
              "region": {
                "type": "string",
                "description_kind": "plain",
                "computed": true
              },
              "ssl": {
                "type": [
                  "map",
                  "string"
                ],
                "description_kind": "plain",
                "computed": true
              },
              "ssl_redirect": {
                "type": "bool",
                "description_kind": "plain",
                "computed": true
              },
              "status": {
                "type": "string",
                "description_kind": "plain",
                "computed": true
              }
            },
            "block_types": {
              "filter": {
                "nesting_mode": "set",
                "block": {
                  "attributes": {
                    "name": {
                      "type": "string",
                      "description_kind": "plain",
                      "required": true
                    },
                    "values": {
                      "type": [
                        "list",
                        "string"
                      ],
                      "description_kind": "plain",
                      "required": true
                    }
                  },
                  "description_kind": "plain"
                }
              }
            },
            "description_kind": "plain"
          }
        },
        "vultr_object_storage": {
          "version": 0,
          "block": {
            "attributes": {
              "cluster_id": {
                "type": "number",
                "description_kind": "plain",
                "computed": true
              },
              "date_created": {
                "type": "string",
                "description_kind": "plain",
                "computed": true
              },
              "id": {
                "type": "string",
                "description_kind": "plain",
                "optional": true,
                "computed": true
              },
              "label": {
                "type": "string",
                "description_kind": "plain",
                "computed": true
              },
              "location": {
                "type": "string",
                "description_kind": "plain",
                "computed": true
              },
              "region": {
                "type": "string",
                "description_kind": "plain",
                "computed": true
              },
              "s3_access_key": {
                "type": "string",
                "description_kind": "plain",
                "computed": true,
                "sensitive": true
              },
              "s3_hostname": {
                "type": "string",
                "description_kind": "plain",
                "computed": true
              },
              "s3_secret_key": {
                "type": "string",
                "description_kind": "plain",
                "computed": true,
                "sensitive": true
              },
              "status": {
                "type": "string",
                "description_kind": "plain",
                "computed": true
              }
            },
            "block_types": {
              "filter": {
                "nesting_mode": "set",
                "block": {
                  "attributes": {
                    "name": {
                      "type": "string",
                      "description_kind": "plain",
                      "required": true
                    },
                    "values": {
                      "type": [
                        "list",
                        "string"
                      ],
                      "description_kind": "plain",
                      "required": true
                    }
                  },
                  "description_kind": "plain"
                }
              }
            },
            "description_kind": "plain"
          }
        },
        "vultr_object_storage_cluster": {
          "version": 0,
          "block": {
            "attributes": {
              "deploy": {
                "type": "string",
                "description_kind": "plain",
                "computed": true
              },
              "hostname": {
                "type": "string",
                "description_kind": "plain",
                "computed": true
              },
              "id": {
                "type": "number",
                "description_kind": "plain",
                "computed": true
              },
              "region": {
                "type": "string",
                "description_kind": "plain",
                "computed": true
              }
            },
            "block_types": {
              "filter": {
                "nesting_mode": "set",
                "block": {
                  "attributes": {
                    "name": {
                      "type": "string",
                      "description_kind": "plain",
                      "required": true
                    },
                    "values": {
                      "type": [
                        "list",
                        "string"
                      ],
                      "description_kind": "plain",
                      "required": true
                    }
                  },
                  "description_kind": "plain"
                }
              }
            },
            "description_kind": "plain"
          }
        },
        "vultr_os": {
          "version": 0,
          "block": {
            "attributes": {
              "arch": {
                "type": "string",
                "description_kind": "plain",
                "computed": true
              },
              "family": {
                "type": "string",
                "description_kind": "plain",
                "computed": true
              },
              "id": {
                "type": "string",
                "description_kind": "plain",
                "optional": true,
                "computed": true
              },
              "name": {
                "type": "string",
                "description_kind": "plain",
                "computed": true
              }
            },
            "block_types": {
              "filter": {
                "nesting_mode": "set",
                "block": {
                  "attributes": {
                    "name": {
                      "type": "string",
                      "description_kind": "plain",
                      "required": true
                    },
                    "values": {
                      "type": [
                        "list",
                        "string"
                      ],
                      "description_kind": "plain",
                      "required": true
                    }
                  },
                  "description_kind": "plain"
                }
              }
            },
            "description_kind": "plain"
          }
        },
        "vultr_plan": {
          "version": 0,
          "block": {
            "attributes": {
              "bandwidth": {
                "type": "number",
                "description_kind": "plain",
                "computed": true
              },
              "disk": {
                "type": "number",
                "description_kind": "plain",
                "computed": true
              },
              "disk_count": {
                "type": "number",
                "description_kind": "plain",
                "computed": true
              },
              "gpu_type": {
                "type": "string",
                "description_kind": "plain",
                "computed": true
              },
              "gpu_vram": {
                "type": "number",
                "description_kind": "plain",
                "computed": true
              },
              "id": {
                "type": "string",
                "description_kind": "plain",
                "optional": true,
                "computed": true
              },
              "locations": {
                "type": [
                  "list",
                  "string"
                ],
                "description_kind": "plain",
                "computed": true
              },
              "monthly_cost": {
                "type": "number",
                "description_kind": "plain",
                "computed": true
              },
              "ram": {
                "type": "number",
                "description_kind": "plain",
                "computed": true
              },
              "type": {
                "type": "string",
                "description_kind": "plain",
                "computed": true
              },
              "vcpu_count": {
                "type": "number",
                "description_kind": "plain",
                "computed": true
              }
            },
            "block_types": {
              "filter": {
                "nesting_mode": "set",
                "block": {
                  "attributes": {
                    "name": {
                      "type": "string",
                      "description_kind": "plain",
                      "required": true
                    },
                    "values": {
                      "type": [
                        "list",
                        "string"
                      ],
                      "description_kind": "plain",
                      "required": true
                    }
                  },
                  "description_kind": "plain"
                }
              }
            },
            "description_kind": "plain"
          }
        },
        "vultr_private_network": {
          "version": 0,
          "block": {
            "attributes": {
              "date_created": {
                "type": "string",
                "description_kind": "plain",
                "computed": true
              },
              "description": {
                "type": "string",
                "description_kind": "plain",
                "computed": true
              },
              "id": {
                "type": "string",
                "description_kind": "plain",
                "optional": true,
                "computed": true
              },
              "region": {
                "type": "string",
                "description_kind": "plain",
                "computed": true
              },
              "v4_subnet": {
                "type": "string",
                "description_kind": "plain",
                "computed": true
              },
              "v4_subnet_mask": {
                "type": "number",
                "description_kind": "plain",
                "computed": true
              }
            },
            "block_types": {
              "filter": {
                "nesting_mode": "set",
                "block": {
                  "attributes": {
                    "name": {
                      "type": "string",
                      "description_kind": "plain",
                      "required": true
                    },
                    "values": {
                      "type": [
                        "list",
                        "string"
                      ],
                      "description_kind": "plain",
                      "required": true
                    }
                  },
                  "description_kind": "plain"
                }
              }
            },
            "description_kind": "plain",
            "deprecated": true
          }
        },
        "vultr_region": {
          "version": 0,
          "block": {
            "attributes": {
              "city": {
                "type": "string",
                "description_kind": "plain",
                "computed": true
              },
              "continent": {
                "type": "string",
                "description_kind": "plain",
                "computed": true
              },
              "country": {
                "type": "string",
                "description_kind": "plain",
                "computed": true
              },
              "id": {
                "type": "string",
                "description_kind": "plain",
                "optional": true,
                "computed": true
              },
              "options": {
                "type": [
                  "list",
                  "string"
                ],
                "description_kind": "plain",
                "computed": true
              }
            },
            "block_types": {
              "filter": {
                "nesting_mode": "set",
                "block": {
                  "attributes": {
                    "name": {
                      "type": "string",
                      "description_kind": "plain",
                      "required": true
                    },
                    "values": {
                      "type": [
                        "list",
                        "string"
                      ],
                      "description_kind": "plain",
                      "required": true
                    }
                  },
                  "description_kind": "plain"
                }
              }
            },
            "description_kind": "plain"
          }
        },
        "vultr_reserved_ip": {
          "version": 0,
          "block": {
            "attributes": {
              "id": {
                "type": "string",
                "description_kind": "plain",
                "optional": true,
                "computed": true
              },
              "instance_id": {
                "type": "string",
                "description_kind": "plain",
                "computed": true
              },
              "ip_type": {
                "type": "string",
                "description_kind": "plain",
                "computed": true
              },
              "label": {
                "type": "string",
                "description_kind": "plain",
                "computed": true
              },
              "region": {
                "type": "string",
                "description_kind": "plain",
                "computed": true
              },
              "subnet": {
                "type": "string",
                "description_kind": "plain",
                "computed": true
              },
              "subnet_size": {
                "type": "number",
                "description_kind": "plain",
                "computed": true
              }
            },
            "block_types": {
              "filter": {
                "nesting_mode": "set",
                "block": {
                  "attributes": {
                    "name": {
                      "type": "string",
                      "description_kind": "plain",
                      "required": true
                    },
                    "values": {
                      "type": [
                        "list",
                        "string"
                      ],
                      "description_kind": "plain",
                      "required": true
                    }
                  },
                  "description_kind": "plain"
                }
              }
            },
            "description_kind": "plain"
          }
        },
        "vultr_reverse_ipv4": {
          "version": 0,
          "block": {
            "attributes": {
              "gateway": {
                "type": "string",
                "description_kind": "plain",
                "computed": true
              },
              "id": {
                "type": "string",
                "description_kind": "plain",
                "optional": true,
                "computed": true
              },
              "instance_id": {
                "type": "string",
                "description_kind": "plain",
                "computed": true
              },
              "ip": {
                "type": "string",
                "description_kind": "plain",
                "computed": true
              },
              "netmask": {
                "type": "string",
                "description_kind": "plain",
                "computed": true
              },
              "reverse": {
                "type": "string",
                "description_kind": "plain",
                "computed": true
              }
            },
            "block_types": {
              "filter": {
                "nesting_mode": "set",
                "block": {
                  "attributes": {
                    "name": {
                      "type": "string",
                      "description_kind": "plain",
                      "required": true
                    },
                    "values": {
                      "type": [
                        "list",
                        "string"
                      ],
                      "description_kind": "plain",
                      "required": true
                    }
                  },
                  "description_kind": "plain"
                }
              }
            },
            "description_kind": "plain"
          }
        },
        "vultr_reverse_ipv6": {
          "version": 0,
          "block": {
            "attributes": {
              "id": {
                "type": "string",
                "description_kind": "plain",
                "optional": true,
                "computed": true
              },
              "instance_id": {
                "type": "string",
                "description_kind": "plain",
                "computed": true
              },
              "ip": {
                "type": "string",
                "description_kind": "plain",
                "computed": true
              },
              "reverse": {
                "type": "string",
                "description_kind": "plain",
                "computed": true
              }
            },
            "block_types": {
              "filter": {
                "nesting_mode": "set",
                "block": {
                  "attributes": {
                    "name": {
                      "type": "string",
                      "description_kind": "plain",
                      "required": true
                    },
                    "values": {
                      "type": [
                        "list",
                        "string"
                      ],
                      "description_kind": "plain",
                      "required": true
                    }
                  },
                  "description_kind": "plain"
                }
              }
            },
            "description_kind": "plain"
          }
        },
        "vultr_snapshot": {
          "version": 0,
          "block": {
            "attributes": {
              "app_id": {
                "type": "number",
                "description_kind": "plain",
                "computed": true
              },
              "date_created": {
                "type": "string",
                "description_kind": "plain",
                "computed": true
              },
              "description": {
                "type": "string",
                "description_kind": "plain",
                "computed": true
              },
              "id": {
                "type": "string",
                "description_kind": "plain",
                "optional": true,
                "computed": true
              },
              "os_id": {
                "type": "number",
                "description_kind": "plain",
                "computed": true
              },
              "size": {
                "type": "number",
                "description_kind": "plain",
                "computed": true
              },
              "status": {
                "type": "string",
                "description_kind": "plain",
                "computed": true
              }
            },
            "block_types": {
              "filter": {
                "nesting_mode": "set",
                "block": {
                  "attributes": {
                    "name": {
                      "type": "string",
                      "description_kind": "plain",
                      "required": true
                    },
                    "values": {
                      "type": [
                        "list",
                        "string"
                      ],
                      "description_kind": "plain",
                      "required": true
                    }
                  },
                  "description_kind": "plain"
                }
              }
            },
            "description_kind": "plain"
          }
        },
        "vultr_ssh_key": {
          "version": 0,
          "block": {
            "attributes": {
              "date_created": {
                "type": "string",
                "description_kind": "plain",
                "computed": true
              },
              "id": {
                "type": "string",
                "description_kind": "plain",
                "optional": true,
                "computed": true
              },
              "name": {
                "type": "string",
                "description_kind": "plain",
                "computed": true
              },
              "ssh_key": {
                "type": "string",
                "description_kind": "plain",
                "computed": true
              }
            },
            "block_types": {
              "filter": {
                "nesting_mode": "set",
                "block": {
                  "attributes": {
                    "name": {
                      "type": "string",
                      "description_kind": "plain",
                      "required": true
                    },
                    "values": {
                      "type": [
                        "list",
                        "string"
                      ],
                      "description_kind": "plain",
                      "required": true
                    }
                  },
                  "description_kind": "plain"
                }
              }
            },
            "description_kind": "plain"
          }
        },
        "vultr_startup_script": {
          "version": 0,
          "block": {
            "attributes": {
              "date_created": {
                "type": "string",
                "description_kind": "plain",
                "computed": true
              },
              "date_modified": {
                "type": "string",
                "description_kind": "plain",
                "computed": true
              },
              "id": {
                "type": "string",
                "description_kind": "plain",
                "optional": true,
                "computed": true
              },
              "name": {
                "type": "string",
                "description_kind": "plain",
                "computed": true
              },
              "script": {
                "type": "string",
                "description_kind": "plain",
                "computed": true
              },
              "type": {
                "type": "string",
                "description_kind": "plain",
                "computed": true
              }
            },
            "block_types": {
              "filter": {
                "nesting_mode": "set",
                "block": {
                  "attributes": {
                    "name": {
                      "type": "string",
                      "description_kind": "plain",
                      "required": true
                    },
                    "values": {
                      "type": [
                        "list",
                        "string"
                      ],
                      "description_kind": "plain",
                      "required": true
                    }
                  },
                  "description_kind": "plain"
                }
              }
            },
            "description_kind": "plain"
          }
        },
        "vultr_user": {
          "version": 0,
          "block": {
            "attributes": {
              "acl": {
                "type": [
                  "list",
                  "string"
                ],
                "description_kind": "plain",
                "computed": true
              },
              "api_enabled": {
                "type": "bool",
                "description_kind": "plain",
                "computed": true
              },
              "email": {
                "type": "string",
                "description_kind": "plain",
                "computed": true
              },
              "id": {
                "type": "string",
                "description_kind": "plain",
                "optional": true,
                "computed": true
              },
              "name": {
                "type": "string",
                "description_kind": "plain",
                "computed": true
              }
            },
            "block_types": {
              "filter": {
                "nesting_mode": "set",
                "block": {
                  "attributes": {
                    "name": {
                      "type": "string",
                      "description_kind": "plain",
                      "required": true
                    },
                    "values": {
                      "type": [
                        "list",
                        "string"
                      ],
                      "description_kind": "plain",
                      "required": true
                    }
                  },
                  "description_kind": "plain"
                }
              }
            },
            "description_kind": "plain"
          }
        },
        "vultr_vpc": {
          "version": 0,
          "block": {
            "attributes": {
              "date_created": {
                "type": "string",
                "description_kind": "plain",
                "computed": true
              },
              "description": {
                "type": "string",
                "description_kind": "plain",
                "computed": true
              },
              "id": {
                "type": "string",
                "description_kind": "plain",
                "optional": true,
                "computed": true
              },
              "region": {
                "type": "string",
                "description_kind": "plain",
                "computed": true
              },
              "v4_subnet": {
                "type": "string",
                "description_kind": "plain",
                "computed": true
              },
              "v4_subnet_mask": {
                "type": "number",
                "description_kind": "plain",
                "computed": true
              }
            },
            "block_types": {
              "filter": {
                "nesting_mode": "set",
                "block": {
                  "attributes": {
                    "name": {
                      "type": "string",
                      "description_kind": "plain",
                      "required": true
                    },
                    "values": {
                      "type": [
                        "list",
                        "string"
                      ],
                      "description_kind": "plain",
                      "required": true
                    }
                  },
                  "description_kind": "plain"
                }
              }
            },
            "description_kind": "plain"
          }
        }
      }
    }
  }
}
