{
  "format_version": "1.0",
  "provider_schemas": {
    "registry.terraform.io/vmware/wavefront": {
      "provider": {
        "version": 0,
        "block": {
          "attributes": {
            "address": {
              "type": "string",
              "description_kind": "plain",
              "optional": true
            },
            "http_proxy": {
              "type": "string",
              "description_kind": "plain",
              "optional": true
            },
            "token": {
              "type": "string",
              "description_kind": "plain",
              "optional": true
            }
          },
          "description_kind": "plain"
        }
      },
      "resource_schemas": {
        "wavefront_alert": {
          "version": 0,
          "block": {
            "attributes": {
              "additional_information": {
                "type": "string",
                "description_kind": "plain",
                "optional": true
              },
              "alert_type": {
                "type": "string",
                "description_kind": "plain",
                "optional": true
              },
              "can_modify": {
                "type": [
                  "set",
                  "string"
                ],
                "description_kind": "plain",
                "optional": true,
                "computed": true
              },
              "can_view": {
                "type": [
                  "set",
                  "string"
                ],
                "description_kind": "plain",
                "optional": true
              },
              "condition": {
                "type": "string",
                "description_kind": "plain",
                "optional": true
              },
              "conditions": {
                "type": [
                  "map",
                  "string"
                ],
                "description_kind": "plain",
                "optional": true
              },
              "display_expression": {
                "type": "string",
                "description_kind": "plain",
                "optional": true
              },
              "id": {
                "type": "string",
                "description_kind": "plain",
                "optional": true,
                "computed": true
              },
              "minutes": {
                "type": "number",
                "description_kind": "plain",
                "required": true
              },
              "name": {
                "type": "string",
                "description_kind": "plain",
                "required": true
              },
              "notification_resend_frequency_minutes": {
                "type": "number",
                "description_kind": "plain",
                "optional": true
              },
              "process_rate_minutes": {
                "type": "number",
                "description_kind": "plain",
                "optional": true
              },
              "resolve_after_minutes": {
                "type": "number",
                "description_kind": "plain",
                "optional": true
              },
              "runbook_links": {
                "type": [
                  "list",
                  "string"
                ],
                "description_kind": "plain",
                "optional": true
              },
              "severity": {
                "type": "string",
                "description_kind": "plain",
                "optional": true,
                "computed": true
              },
              "tags": {
                "type": [
                  "set",
                  "string"
                ],
                "description_kind": "plain",
                "required": true
              },
              "target": {
                "type": "string",
                "description_kind": "plain",
                "optional": true
              },
              "threshold_targets": {
                "type": [
                  "map",
                  "string"
                ],
                "description_kind": "plain",
                "optional": true
              }
            },
            "block_types": {
              "alert_triage_dashboards": {
                "nesting_mode": "list",
                "block": {
                  "attributes": {
                    "dashboard_id": {
                      "type": "string",
                      "description": "Dashboard ID",
                      "description_kind": "plain",
                      "required": true
                    },
                    "description": {
                      "type": "string",
                      "description": "Dashboard Description",
                      "description_kind": "plain",
                      "required": true
                    }
                  },
                  "block_types": {
                    "parameters": {
                      "nesting_mode": "list",
                      "block": {
                        "attributes": {
                          "constants": {
                            "type": [
                              "map",
                              "string"
                            ],
                            "description_kind": "plain",
                            "optional": true
                          }
                        },
                        "description_kind": "plain"
                      },
                      "max_items": 1
                    }
                  },
                  "description_kind": "plain"
                }
              }
            },
            "description_kind": "plain"
          }
        },
        "wavefront_alert_target": {
          "version": 0,
          "block": {
            "attributes": {
              "content_type": {
                "type": "string",
                "description_kind": "plain",
                "optional": true
              },
              "custom_headers": {
                "type": [
                  "map",
                  "string"
                ],
                "description_kind": "plain",
                "optional": true
              },
              "description": {
                "type": "string",
                "description_kind": "plain",
                "required": true
              },
              "email_subject": {
                "type": "string",
                "description_kind": "plain",
                "optional": true
              },
              "id": {
                "type": "string",
                "description_kind": "plain",
                "optional": true,
                "computed": true
              },
              "is_html_content": {
                "type": "bool",
                "description_kind": "plain",
                "optional": true
              },
              "method": {
                "type": "string",
                "description_kind": "plain",
                "optional": true
              },
              "name": {
                "type": "string",
                "description_kind": "plain",
                "required": true
              },
              "recipient": {
                "type": "string",
                "description_kind": "plain",
                "required": true
              },
              "target_id": {
                "type": "string",
                "description_kind": "plain",
                "computed": true
              },
              "template": {
                "type": "string",
                "description_kind": "plain",
                "required": true
              },
              "triggers": {
                "type": [
                  "list",
                  "string"
                ],
                "description_kind": "plain",
                "required": true
              }
            },
            "block_types": {
              "route": {
                "nesting_mode": "set",
                "block": {
                  "attributes": {
                    "filter": {
                      "type": [
                        "map",
                        "string"
                      ],
                      "description_kind": "plain",
                      "optional": true
                    },
                    "method": {
                      "type": "string",
                      "description_kind": "plain",
                      "required": true
                    },
                    "target": {
                      "type": "string",
                      "description_kind": "plain",
                      "required": true
                    }
                  },
                  "description_kind": "plain"
                }
              }
            },
            "description_kind": "plain"
          }
        },
        "wavefront_cloud_integration_app_dynamics": {
          "version": 0,
          "block": {
            "attributes": {
              "additional_tags": {
                "type": [
                  "map",
                  "string"
                ],
                "description_kind": "plain",
                "optional": true
              },
              "app_filter_regex": {
                "type": [
                  "list",
                  "string"
                ],
                "description_kind": "plain",
                "optional": true
              },
              "controller_name": {
                "type": "string",
                "description_kind": "plain",
                "required": true
              },
              "enable_app_infra_metrics": {
                "type": "bool",
                "description_kind": "plain",
                "optional": true
              },
              "enable_backend_metrics": {
                "type": "bool",
                "description_kind": "plain",
                "optional": true
              },
              "enable_business_trx_metrics": {
                "type": "bool",
                "description_kind": "plain",
                "optional": true
              },
              "enable_error_metrics": {
                "type": "bool",
                "description_kind": "plain",
                "optional": true
              },
              "enable_individual_node_metrics": {
                "type": "bool",
                "description_kind": "plain",
                "optional": true
              },
              "enable_overall_perf_metrics": {
                "type": "bool",
                "description_kind": "plain",
                "optional": true
              },
              "enable_rollup": {
                "type": "bool",
                "description_kind": "plain",
                "optional": true
              },
              "enable_service_endpoint_metrics": {
                "type": "bool",
                "description_kind": "plain",
                "optional": true
              },
              "encrypted_password": {
                "type": "string",
                "description_kind": "plain",
                "required": true,
                "sensitive": true
              },
              "force_save": {
                "type": "bool",
                "description_kind": "plain",
                "optional": true
              },
              "id": {
                "type": "string",
                "description_kind": "plain",
                "optional": true,
                "computed": true
              },
              "name": {
                "type": "string",
                "description_kind": "plain",
                "required": true
              },
              "service": {
                "type": "string",
                "description_kind": "plain",
                "optional": true
              },
              "service_refresh_rate_in_minutes": {
                "type": "number",
                "description_kind": "plain",
                "optional": true
              },
              "user_name": {
                "type": "string",
                "description_kind": "plain",
                "required": true
              }
            },
            "description_kind": "plain"
          }
        },
        "wavefront_cloud_integration_aws_external_id": {
          "version": 0,
          "block": {
            "attributes": {
              "id": {
                "type": "string",
                "description_kind": "plain",
                "optional": true,
                "computed": true
              }
            },
            "description_kind": "plain"
          }
        },
        "wavefront_cloud_integration_azure": {
          "version": 0,
          "block": {
            "attributes": {
              "additional_tags": {
                "type": [
                  "map",
                  "string"
                ],
                "description_kind": "plain",
                "optional": true
              },
              "category_filter": {
                "type": [
                  "list",
                  "string"
                ],
                "description_kind": "plain",
                "optional": true
              },
              "client_id": {
                "type": "string",
                "description_kind": "plain",
                "required": true
              },
              "client_secret": {
                "type": "string",
                "description_kind": "plain",
                "required": true,
                "sensitive": true
              },
              "force_save": {
                "type": "bool",
                "description_kind": "plain",
                "optional": true
              },
              "id": {
                "type": "string",
                "description_kind": "plain",
                "optional": true,
                "computed": true
              },
              "metric_filter_regex": {
                "type": "string",
                "description_kind": "plain",
                "optional": true
              },
              "name": {
                "type": "string",
                "description_kind": "plain",
                "required": true
              },
              "resource_group_filter": {
                "type": [
                  "list",
                  "string"
                ],
                "description_kind": "plain",
                "optional": true
              },
              "service": {
                "type": "string",
                "description_kind": "plain",
                "optional": true
              },
              "service_refresh_rate_in_minutes": {
                "type": "number",
                "description_kind": "plain",
                "optional": true
              },
              "tenant": {
                "type": "string",
                "description_kind": "plain",
                "required": true
              }
            },
            "description_kind": "plain"
          }
        },
        "wavefront_cloud_integration_azure_activity_log": {
          "version": 0,
          "block": {
            "attributes": {
              "additional_tags": {
                "type": [
                  "map",
                  "string"
                ],
                "description_kind": "plain",
                "optional": true
              },
              "category_filter": {
                "type": [
                  "list",
                  "string"
                ],
                "description_kind": "plain",
                "optional": true
              },
              "client_id": {
                "type": "string",
                "description_kind": "plain",
                "required": true
              },
              "client_secret": {
                "type": "string",
                "description_kind": "plain",
                "required": true,
                "sensitive": true
              },
              "force_save": {
                "type": "bool",
                "description_kind": "plain",
                "optional": true
              },
              "id": {
                "type": "string",
                "description_kind": "plain",
                "optional": true,
                "computed": true
              },
              "name": {
                "type": "string",
                "description_kind": "plain",
                "required": true
              },
              "service": {
                "type": "string",
                "description_kind": "plain",
                "optional": true
              },
              "service_refresh_rate_in_minutes": {
                "type": "number",
                "description_kind": "plain",
                "optional": true
              },
              "tenant": {
                "type": "string",
                "description_kind": "plain",
                "required": true
              }
            },
            "description_kind": "plain"
          }
        },
        "wavefront_cloud_integration_cloudtrail": {
          "version": 0,
          "block": {
            "attributes": {
              "additional_tags": {
                "type": [
                  "map",
                  "string"
                ],
                "description_kind": "plain",
                "optional": true
              },
              "bucket_name": {
                "type": "string",
                "description_kind": "plain",
                "required": true
              },
              "external_id": {
                "type": "string",
                "description_kind": "plain",
                "required": true
              },
              "filter_rule": {
                "type": "string",
                "description_kind": "plain",
                "optional": true
              },
              "force_save": {
                "type": "bool",
                "description_kind": "plain",
                "optional": true
              },
              "id": {
                "type": "string",
                "description_kind": "plain",
                "optional": true,
                "computed": true
              },
              "name": {
                "type": "string",
                "description_kind": "plain",
                "required": true
              },
              "prefix": {
                "type": "string",
                "description_kind": "plain",
                "optional": true
              },
              "region": {
                "type": "string",
                "description_kind": "plain",
                "required": true
              },
              "role_arn": {
                "type": "string",
                "description_kind": "plain",
                "required": true
              },
              "service": {
                "type": "string",
                "description_kind": "plain",
                "optional": true
              },
              "service_refresh_rate_in_minutes": {
                "type": "number",
                "description_kind": "plain",
                "optional": true
              }
            },
            "description_kind": "plain"
          }
        },
        "wavefront_cloud_integration_cloudwatch": {
          "version": 0,
          "block": {
            "attributes": {
              "additional_tags": {
                "type": [
                  "map",
                  "string"
                ],
                "description_kind": "plain",
                "optional": true
              },
              "external_id": {
                "type": "string",
                "description_kind": "plain",
                "required": true
              },
              "force_save": {
                "type": "bool",
                "description_kind": "plain",
                "optional": true
              },
              "id": {
                "type": "string",
                "description_kind": "plain",
                "optional": true,
                "computed": true
              },
              "instance_selection_tags": {
                "type": [
                  "map",
                  "string"
                ],
                "description_kind": "plain",
                "optional": true
              },
              "metric_filter_regex": {
                "type": "string",
                "description_kind": "plain",
                "optional": true
              },
              "name": {
                "type": "string",
                "description_kind": "plain",
                "required": true
              },
              "namespaces": {
                "type": [
                  "list",
                  "string"
                ],
                "description_kind": "plain",
                "optional": true
              },
              "point_tag_filter_regex": {
                "type": "string",
                "description_kind": "plain",
                "optional": true
              },
              "role_arn": {
                "type": "string",
                "description_kind": "plain",
                "required": true
              },
              "service": {
                "type": "string",
                "description_kind": "plain",
                "optional": true
              },
              "service_refresh_rate_in_minutes": {
                "type": "number",
                "description_kind": "plain",
                "optional": true
              },
              "volume_selection_tags": {
                "type": [
                  "map",
                  "string"
                ],
                "description_kind": "plain",
                "optional": true
              }
            },
            "description_kind": "plain"
          }
        },
        "wavefront_cloud_integration_ec2": {
          "version": 0,
          "block": {
            "attributes": {
              "additional_tags": {
                "type": [
                  "map",
                  "string"
                ],
                "description_kind": "plain",
                "optional": true
              },
              "external_id": {
                "type": "string",
                "description_kind": "plain",
                "required": true
              },
              "force_save": {
                "type": "bool",
                "description_kind": "plain",
                "optional": true
              },
              "hostname_tags": {
                "type": [
                  "set",
                  "string"
                ],
                "description_kind": "plain",
                "optional": true
              },
              "id": {
                "type": "string",
                "description_kind": "plain",
                "optional": true,
                "computed": true
              },
              "name": {
                "type": "string",
                "description_kind": "plain",
                "required": true
              },
              "role_arn": {
                "type": "string",
                "description_kind": "plain",
                "required": true
              },
              "service": {
                "type": "string",
                "description_kind": "plain",
                "optional": true
              },
              "service_refresh_rate_in_minutes": {
                "type": "number",
                "description_kind": "plain",
                "optional": true
              }
            },
            "description_kind": "plain"
          }
        },
        "wavefront_cloud_integration_gcp": {
          "version": 0,
          "block": {
            "attributes": {
              "additional_tags": {
                "type": [
                  "map",
                  "string"
                ],
                "description_kind": "plain",
                "optional": true
              },
              "categories": {
                "type": [
                  "list",
                  "string"
                ],
                "description_kind": "plain",
                "optional": true
              },
              "force_save": {
                "type": "bool",
                "description_kind": "plain",
                "optional": true
              },
              "id": {
                "type": "string",
                "description_kind": "plain",
                "optional": true,
                "computed": true
              },
              "json_key": {
                "type": "string",
                "description_kind": "plain",
                "required": true,
                "sensitive": true
              },
              "metric_filter_regex": {
                "type": "string",
                "description_kind": "plain",
                "optional": true
              },
              "name": {
                "type": "string",
                "description_kind": "plain",
                "required": true
              },
              "project_id": {
                "type": "string",
                "description_kind": "plain",
                "required": true
              },
              "service": {
                "type": "string",
                "description_kind": "plain",
                "optional": true
              },
              "service_refresh_rate_in_minutes": {
                "type": "number",
                "description_kind": "plain",
                "optional": true
              }
            },
            "description_kind": "plain"
          }
        },
        "wavefront_cloud_integration_gcp_billing": {
          "version": 0,
          "block": {
            "attributes": {
              "additional_tags": {
                "type": [
                  "map",
                  "string"
                ],
                "description_kind": "plain",
                "optional": true
              },
              "api_key": {
                "type": "string",
                "description_kind": "plain",
                "required": true,
                "sensitive": true
              },
              "force_save": {
                "type": "bool",
                "description_kind": "plain",
                "optional": true
              },
              "id": {
                "type": "string",
                "description_kind": "plain",
                "optional": true,
                "computed": true
              },
              "json_key": {
                "type": "string",
                "description_kind": "plain",
                "required": true,
                "sensitive": true
              },
              "name": {
                "type": "string",
                "description_kind": "plain",
                "required": true
              },
              "project_id": {
                "type": "string",
                "description_kind": "plain",
                "required": true
              },
              "service": {
                "type": "string",
                "description_kind": "plain",
                "optional": true
              },
              "service_refresh_rate_in_minutes": {
                "type": "number",
                "description_kind": "plain",
                "optional": true
              }
            },
            "description_kind": "plain"
          }
        },
        "wavefront_cloud_integration_newrelic": {
          "version": 0,
          "block": {
            "attributes": {
              "additional_tags": {
                "type": [
                  "map",
                  "string"
                ],
                "description_kind": "plain",
                "optional": true
              },
              "api_key": {
                "type": "string",
                "description_kind": "plain",
                "required": true,
                "sensitive": true
              },
              "app_filter_regex": {
                "type": "string",
                "description_kind": "plain",
                "optional": true
              },
              "force_save": {
                "type": "bool",
                "description_kind": "plain",
                "optional": true
              },
              "host_filter_regex": {
                "type": "string",
                "description_kind": "plain",
                "optional": true
              },
              "id": {
                "type": "string",
                "description_kind": "plain",
                "optional": true,
                "computed": true
              },
              "metric_filter": {
                "type": [
                  "list",
                  [
                    "object",
                    {
                      "app_name": "string",
                      "metric_filter_regex": "string"
                    }
                  ]
                ],
                "description_kind": "plain",
                "optional": true
              },
              "name": {
                "type": "string",
                "description_kind": "plain",
                "required": true
              },
              "service": {
                "type": "string",
                "description_kind": "plain",
                "optional": true
              },
              "service_refresh_rate_in_minutes": {
                "type": "number",
                "description_kind": "plain",
                "optional": true
              }
            },
            "description_kind": "plain"
          }
        },
        "wavefront_dashboard": {
          "version": 0,
          "block": {
            "attributes": {
              "can_modify": {
                "type": [
                  "set",
                  "string"
                ],
                "description_kind": "plain",
                "optional": true,
                "computed": true
              },
              "can_view": {
                "type": [
                  "set",
                  "string"
                ],
                "description_kind": "plain",
                "optional": true
              },
              "description": {
                "type": "string",
                "description_kind": "plain",
                "required": true
              },
              "display_query_parameters": {
                "type": "bool",
                "description_kind": "plain",
                "optional": true
              },
              "display_section_table_of_contents": {
                "type": "bool",
                "description_kind": "plain",
                "optional": true
              },
              "event_filter_type": {
                "type": "string",
                "description_kind": "plain",
                "optional": true
              },
              "id": {
                "type": "string",
                "description_kind": "plain",
                "optional": true,
                "computed": true
              },
              "name": {
                "type": "string",
                "description_kind": "plain",
                "required": true
              },
              "tags": {
                "type": [
                  "set",
                  "string"
                ],
                "description_kind": "plain",
                "required": true
              },
              "url": {
                "type": "string",
                "description_kind": "plain",
                "required": true
              }
            },
            "block_types": {
              "parameter_details": {
                "nesting_mode": "list",
                "block": {
                  "attributes": {
                    "default_value": {
                      "type": "string",
                      "description_kind": "plain",
                      "required": true
                    },
                    "dynamic_field_type": {
                      "type": "string",
                      "description_kind": "plain",
                      "optional": true
                    },
                    "hide_from_view": {
                      "type": "bool",
                      "description_kind": "plain",
                      "required": true
                    },
                    "label": {
                      "type": "string",
                      "description_kind": "plain",
                      "required": true
                    },
                    "name": {
                      "type": "string",
                      "description_kind": "plain",
                      "required": true
                    },
                    "parameter_type": {
                      "type": "string",
                      "description_kind": "plain",
                      "required": true
                    },
                    "query_value": {
                      "type": "string",
                      "description_kind": "plain",
                      "optional": true
                    },
                    "tag_key": {
                      "type": "string",
                      "description_kind": "plain",
                      "optional": true
                    },
                    "values_to_readable_strings": {
                      "type": [
                        "map",
                        "string"
                      ],
                      "description": "Map of [string]string. At least one of the keys must match the value of default_value.",
                      "description_kind": "plain",
                      "required": true
                    }
                  },
                  "description_kind": "plain"
                }
              },
              "section": {
                "nesting_mode": "list",
                "block": {
                  "attributes": {
                    "name": {
                      "type": "string",
                      "description": "Name of the Sections",
                      "description_kind": "plain",
                      "required": true
                    }
                  },
                  "block_types": {
                    "row": {
                      "nesting_mode": "list",
                      "block": {
                        "block_types": {
                          "chart": {
                            "nesting_mode": "list",
                            "block": {
                              "attributes": {
                                "base": {
                                  "type": "number",
                                  "description": "Base of logarithmic scale, default is 0 for linear scale",
                                  "description_kind": "plain",
                                  "optional": true
                                },
                                "chart_attribute": {
                                  "type": "string",
                                  "description_kind": "plain",
                                  "optional": true
                                },
                                "description": {
                                  "type": "string",
                                  "description": "Description of the chart",
                                  "description_kind": "plain",
                                  "optional": true
                                },
                                "name": {
                                  "type": "string",
                                  "description": "Name of the Chart",
                                  "description_kind": "plain",
                                  "required": true
                                },
                                "no_default_events": {
                                  "type": "bool",
                                  "description": "Show events related to the sources included in queries",
                                  "description_kind": "plain",
                                  "optional": true
                                },
                                "summarization": {
                                  "type": "string",
                                  "description": "Summarization strategy for the chart. MEAN is default = ['MEAN', 'MEDIAN', 'MIN', 'MAX', 'SUM', 'COUNT', 'LAST', 'FIRST']",
                                  "description_kind": "plain",
                                  "required": true
                                },
                                "units": {
                                  "type": "string",
                                  "description": "Units of measurements for the chart",
                                  "description_kind": "plain",
                                  "required": true
                                }
                              },
                              "block_types": {
                                "chart_setting": {
                                  "nesting_mode": "list",
                                  "block": {
                                    "attributes": {
                                      "auto_column_tags": {
                                        "type": "bool",
                                        "description": "deprecated",
                                        "description_kind": "plain",
                                        "optional": true
                                      },
                                      "column_tags": {
                                        "type": "string",
                                        "description": "deprecated",
                                        "description_kind": "plain",
                                        "optional": true
                                      },
                                      "custom_tags": {
                                        "type": [
                                          "list",
                                          "string"
                                        ],
                                        "description": "For the tabular view, a list of point tags to display when using the custom tag display mode",
                                        "description_kind": "plain",
                                        "optional": true
                                      },
                                      "expected_data_spacing": {
                                        "type": "number",
                                        "description": "Threshold (in seconds) for time delta between consecutive points in a series above which a dotted line will replace a solid line in line plots. Default: 60s",
                                        "description_kind": "plain",
                                        "optional": true
                                      },
                                      "fixed_legend_display_stats": {
                                        "type": [
                                          "list",
                                          "string"
                                        ],
                                        "description": "For a chart with a fixed legend, a list of statistics to display in the legend",
                                        "description_kind": "plain",
                                        "optional": true
                                      },
                                      "fixed_legend_enabled": {
                                        "type": "bool",
                                        "description": "Whether to enable a fixed tabular legend adjacent to the chart",
                                        "description_kind": "plain",
                                        "optional": true
                                      },
                                      "fixed_legend_filter_field": {
                                        "type": "string",
                                        "description": "Statistic to use for determining whether a series is displayed on the fixed legend = ['CURRENT', 'MEAN', 'MEDIAN', 'SUM', 'MIN', 'MAX', 'COUNT']",
                                        "description_kind": "plain",
                                        "optional": true
                                      },
                                      "fixed_legend_filter_limit": {
                                        "type": "number",
                                        "description": "Number of series to include in the fixed legend",
                                        "description_kind": "plain",
                                        "optional": true
                                      },
                                      "fixed_legend_filter_sort": {
                                        "type": "string",
                                        "description": "Whether to display Top- or Bottom-ranked series in the fixed legend = ['TOP', 'BOTTOM']",
                                        "description_kind": "plain",
                                        "optional": true
                                      },
                                      "fixed_legend_hide_label": {
                                        "type": "bool",
                                        "description": "deprecated",
                                        "description_kind": "plain",
                                        "optional": true
                                      },
                                      "fixed_legend_position": {
                                        "type": "string",
                                        "description": "Where the fixed legend should be displayed with respect to the chart = ['RIGHT', 'TOP', 'LEFT', 'BOTTOM']",
                                        "description_kind": "plain",
                                        "optional": true
                                      },
                                      "fixed_legend_use_raw_stats": {
                                        "type": "bool",
                                        "description": "If true, the legend uses non-summarized stats instead of summarized",
                                        "description_kind": "plain",
                                        "optional": true
                                      },
                                      "group_by_source": {
                                        "type": "bool",
                                        "description": "For the tabular view, whether to group multi metrics into a single row by a common source. If false, each metric for each source is displayed in its own row. If true, multiple metrics for the same host will be displayed as different columns in the same row",
                                        "description_kind": "plain",
                                        "optional": true
                                      },
                                      "invert_dynamic_legend_hover_control": {
                                        "type": "bool",
                                        "description": "Whether to disable the display of the floating legend (but reenable it when the ctrl-key is pressed)",
                                        "description_kind": "plain",
                                        "optional": true
                                      },
                                      "line_type": {
                                        "type": "string",
                                        "description": "Plot interpolation type. linear is default = ['linear', 'step-before', 'step-after', 'basis', 'cardinal', 'monotone']",
                                        "description_kind": "plain",
                                        "optional": true
                                      },
                                      "max": {
                                        "type": "number",
                                        "description": "Max value of Y-axis. Set to null or leave blank for auto",
                                        "description_kind": "plain",
                                        "optional": true
                                      },
                                      "min": {
                                        "type": "number",
                                        "description": "Min value of Y-axis. Set to null or leave blank for auto",
                                        "description_kind": "plain",
                                        "optional": true
                                      },
                                      "num_tags": {
                                        "type": "number",
                                        "description": "For the tabular view, how many point tags to display",
                                        "description_kind": "plain",
                                        "optional": true
                                      },
                                      "plain_markdown_content": {
                                        "type": "string",
                                        "description": "The Markdown content for a Markdown display, in plain text. Use this field instead of markdownContent",
                                        "description_kind": "plain",
                                        "optional": true
                                      },
                                      "show_hosts": {
                                        "type": "bool",
                                        "description": "For the tabular view, whether to display sources. Default: true",
                                        "description_kind": "plain",
                                        "optional": true
                                      },
                                      "show_labels": {
                                        "type": "bool",
                                        "description": "For the tabular view, whether to display labels. Default: true",
                                        "description_kind": "plain",
                                        "optional": true
                                      },
                                      "show_raw_values": {
                                        "type": "bool",
                                        "description": "For the tabular view, whether to display raw values. Default: false",
                                        "description_kind": "plain",
                                        "optional": true
                                      },
                                      "sort_values_descending": {
                                        "type": "bool",
                                        "description": "For the tabular view, whether to display display values in descending order. Default: false",
                                        "description_kind": "plain",
                                        "optional": true
                                      },
                                      "sparkline_decimal_precision": {
                                        "type": "number",
                                        "description": "For the single stat view, the decimal precision of the displayed number ",
                                        "description_kind": "plain",
                                        "optional": true
                                      },
                                      "sparkline_display_color": {
                                        "type": "string",
                                        "description": "For the single stat view, the color of the displayed text (when not dynamically determined). Values should be in rgba(, , ,  format ",
                                        "description_kind": "plain",
                                        "optional": true
                                      },
                                      "sparkline_display_font_size": {
                                        "type": "string",
                                        "description": "For the single stat view, the font size of the displayed text, in percent",
                                        "description_kind": "plain",
                                        "optional": true
                                      },
                                      "sparkline_display_horizontal_position": {
                                        "type": "string",
                                        "description": "For the single stat view, the horizontal position of the displayed text = ['MIDDLE', 'LEFT', 'RIGHT']",
                                        "description_kind": "plain",
                                        "optional": true
                                      },
                                      "sparkline_display_postfix": {
                                        "type": "string",
                                        "description": "For the single stat view, a string to append to the displayed text",
                                        "description_kind": "plain",
                                        "optional": true
                                      },
                                      "sparkline_display_prefix": {
                                        "type": "string",
                                        "description": "For the single stat view, a string to add before the displayed text",
                                        "description_kind": "plain",
                                        "optional": true
                                      },
                                      "sparkline_display_value_type": {
                                        "type": "string",
                                        "description": "For the single stat view, whether to display the name of the query or the value of query = ['VALUE', 'LABEL']",
                                        "description_kind": "plain",
                                        "optional": true
                                      },
                                      "sparkline_display_vertical_position": {
                                        "type": "string",
                                        "description": "deprecated",
                                        "description_kind": "plain",
                                        "optional": true
                                      },
                                      "sparkline_fill_color": {
                                        "type": "string",
                                        "description": "For the single stat view, the color of the background fill. Values should be in rgba(, , ,  format",
                                        "description_kind": "plain",
                                        "optional": true
                                      },
                                      "sparkline_line_color": {
                                        "type": "string",
                                        "description": "For the single stat view, the color of the line. Values should be in rgba(, , ,  format",
                                        "description_kind": "plain",
                                        "optional": true
                                      },
                                      "sparkline_size": {
                                        "type": "string",
                                        "description": "For the single stat view, a misleadingly named property. This determines whether the sparkline of the statistic is displayed in the chart BACKGROUND, BOTTOM, or NONE = ['BACKGROUND', 'BOTTOM', 'NONE']",
                                        "description_kind": "plain",
                                        "optional": true
                                      },
                                      "sparkline_value_color_map_apply_to": {
                                        "type": "string",
                                        "description": "For the single stat view, whether to apply dynamic color settings to the displayed TEXT or BACKGROUND = ['TEXT', 'BACKGROUND']",
                                        "description_kind": "plain",
                                        "optional": true
                                      },
                                      "sparkline_value_color_map_colors": {
                                        "type": [
                                          "list",
                                          "string"
                                        ],
                                        "description": "For the single stat view, a list of colors that differing query values map to. Must contain one more element than sparklineValueColorMapValuesV2. Values should be in rgba(, , ,  format",
                                        "description_kind": "plain",
                                        "optional": true
                                      },
                                      "sparkline_value_color_map_values": {
                                        "type": [
                                          "list",
                                          "number"
                                        ],
                                        "description": "deprecated",
                                        "description_kind": "plain",
                                        "optional": true
                                      },
                                      "sparkline_value_color_map_values_v2": {
                                        "type": [
                                          "list",
                                          "number"
                                        ],
                                        "description": "deprecated",
                                        "description_kind": "plain",
                                        "optional": true
                                      },
                                      "sparkline_value_text_map_text": {
                                        "type": [
                                          "list",
                                          "string"
                                        ],
                                        "description": "For the single stat view, a list of display text values that different query values map to. Must contain one more element than sparklineValueTextMapThresholds",
                                        "description_kind": "plain",
                                        "optional": true
                                      },
                                      "sparkline_value_text_map_thresholds": {
                                        "type": [
                                          "list",
                                          "number"
                                        ],
                                        "description": "For the single stat view, a list of threshold boundaries for mapping different query values to display text. Must contain one less element than sparklineValueTextMapText",
                                        "description_kind": "plain",
                                        "optional": true
                                      },
                                      "stack_type": {
                                        "type": "string",
                                        "description": "Type of stacked chart (applicable only if chart type is stacked). zero (default) means stacked from y=0. expand means Normalized from 0 to 1. wiggle means Minimize weighted changes. silhouette means to Center the Stream = ['zero', 'expand', 'wiggle', 'silhouette']",
                                        "description_kind": "plain",
                                        "optional": true
                                      },
                                      "tag_mode": {
                                        "type": "string",
                                        "description": "For the tabular view, which mode to use to determine which point tags to display = ['all', 'top', 'custom']",
                                        "description_kind": "plain",
                                        "optional": true
                                      },
                                      "time_based_coloring": {
                                        "type": "bool",
                                        "description": "Fox x-y scatterplots, whether to color more recent points as darker than older points. Default: false",
                                        "description_kind": "plain",
                                        "optional": true
                                      },
                                      "type": {
                                        "type": "string",
                                        "description": "Chart Type. 'line' refers to the Line Plot, 'scatter' to the Point Plot, 'stacked-area' to the Stacked Area plot, 'table' to the Tabular View, 'scatterploy-xy' to Scatter Plot, 'markdown-widget' to the Markdown display, and 'sparkline' to the Single Stat view = ['line', 'scatterplot', 'stacked-area', 'table', 'scatterplot-xy', 'markdown-widget', 'sparkline']",
                                        "description_kind": "plain",
                                        "required": true
                                      },
                                      "window_size": {
                                        "type": "number",
                                        "description": "Width, in minutes, of the time window to use for last windowing ",
                                        "description_kind": "plain",
                                        "optional": true
                                      },
                                      "windowing": {
                                        "type": "string",
                                        "description": "For the tabular view, whether to use the full time window for the query or the last X minutes = ['full', 'last']",
                                        "description_kind": "plain",
                                        "optional": true
                                      },
                                      "xmax": {
                                        "type": "number",
                                        "description": "For x-y scatterplots, max value for X-axis. Set null for auto",
                                        "description_kind": "plain",
                                        "optional": true
                                      },
                                      "xmin": {
                                        "type": "number",
                                        "description": "For x-y scatterplots, min value for X-axis. Set null for auto",
                                        "description_kind": "plain",
                                        "optional": true
                                      },
                                      "y0_scale_si_by_1024": {
                                        "type": "bool",
                                        "description": "Default: false. Whether to scale numerical magnitude labels for left Y-axis by 1024 in the IEC/Binary manner (instead of by 1000 like SI) ,",
                                        "description_kind": "plain",
                                        "optional": true
                                      },
                                      "y0_unit_autoscaling": {
                                        "type": "bool",
                                        "description": "Default: false. Whether to automatically adjust magnitude labels and units for the left Y-axis to favor smaller magnitudes and larger units",
                                        "description_kind": "plain",
                                        "optional": true
                                      },
                                      "y1_scale_si_by_1024": {
                                        "type": "bool",
                                        "description": "Default: false. Whether to scale numerical magnitude labels for right Y-axis by 1024 in the IEC/Binary manner (instead of by 1000 like SI)",
                                        "description_kind": "plain",
                                        "optional": true
                                      },
                                      "y1_unit_autoscaling": {
                                        "type": "bool",
                                        "description": "Default: false. Whether to automatically adjust magnitude labels and units for the right Y-axis to favor smaller magnitudes and larger units",
                                        "description_kind": "plain",
                                        "optional": true
                                      },
                                      "y1_units": {
                                        "type": "string",
                                        "description": "For plots with multiple Y-axes, units for right-side Y-axis ",
                                        "description_kind": "plain",
                                        "optional": true
                                      },
                                      "y1max": {
                                        "type": "number",
                                        "description": "For plots with multiple Y-axes, max value for right-side Y-axis. Set null for auto",
                                        "description_kind": "plain",
                                        "optional": true
                                      },
                                      "y1min": {
                                        "type": "number",
                                        "description": "For plots with multiple Y-axes, min value for right-side Y-axis. Set null for auto",
                                        "description_kind": "plain",
                                        "optional": true
                                      },
                                      "ymax": {
                                        "type": "number",
                                        "description": "For x-y scatterplots, max value for Y-axis. Set null for auto ",
                                        "description_kind": "plain",
                                        "optional": true
                                      },
                                      "ymin": {
                                        "type": "number",
                                        "description": "For x-y scatterplots, min value for Y-axis. Set null for auto",
                                        "description_kind": "plain",
                                        "optional": true
                                      }
                                    },
                                    "description": "Chart settings. Defaults to line charts",
                                    "description_kind": "plain"
                                  },
                                  "min_items": 1,
                                  "max_items": 1
                                },
                                "source": {
                                  "nesting_mode": "list",
                                  "block": {
                                    "attributes": {
                                      "disabled": {
                                        "type": "bool",
                                        "description": "Whether to disabled the source from being displayed",
                                        "description_kind": "plain",
                                        "optional": true
                                      },
                                      "name": {
                                        "type": "string",
                                        "description": "Name of the Source",
                                        "description_kind": "plain",
                                        "required": true
                                      },
                                      "query": {
                                        "type": "string",
                                        "description": "Query for the Source",
                                        "description_kind": "plain",
                                        "required": true
                                      },
                                      "query_builder_enabled": {
                                        "type": "bool",
                                        "description": "Whether the query builder should be enabled",
                                        "description_kind": "plain",
                                        "optional": true
                                      },
                                      "scatter_plot_source": {
                                        "type": "string",
                                        "description_kind": "plain",
                                        "optional": true
                                      },
                                      "source_description": {
                                        "type": "string",
                                        "description": "Description of the source",
                                        "description_kind": "plain",
                                        "optional": true
                                      }
                                    },
                                    "description": "A collection of Sources for a Chart",
                                    "description_kind": "plain"
                                  },
                                  "min_items": 1
                                }
                              },
                              "description": "A collection of chart",
                              "description_kind": "plain"
                            },
                            "min_items": 1
                          }
                        },
                        "description": "Rows containing chart. Rows belong in Sections",
                        "description_kind": "plain"
                      },
                      "min_items": 1
                    }
                  },
                  "description": "Sections of a Dashboard",
                  "description_kind": "plain"
                },
                "min_items": 1
              }
            },
            "description_kind": "plain"
          }
        },
        "wavefront_dashboard_json": {
          "version": 0,
          "block": {
            "attributes": {
              "dashboard_json": {
                "type": "string",
                "description_kind": "plain",
                "required": true
              },
              "id": {
                "type": "string",
                "description_kind": "plain",
                "optional": true,
                "computed": true
              }
            },
            "description_kind": "plain"
          }
        },
        "wavefront_derived_metric": {
          "version": 0,
          "block": {
            "attributes": {
              "additional_information": {
                "type": "string",
                "description_kind": "plain",
                "optional": true
              },
              "id": {
                "type": "string",
                "description_kind": "plain",
                "optional": true,
                "computed": true
              },
              "minutes": {
                "type": "number",
                "description_kind": "plain",
                "required": true
              },
              "name": {
                "type": "string",
                "description_kind": "plain",
                "required": true
              },
              "query": {
                "type": "string",
                "description_kind": "plain",
                "required": true
              },
              "tags": {
                "type": [
                  "set",
                  "string"
                ],
                "description_kind": "plain",
                "optional": true
              }
            },
            "description_kind": "plain"
          }
        },
        "wavefront_event": {
          "version": 0,
          "block": {
            "attributes": {
              "annotations": {
                "type": [
                  "map",
                  "string"
                ],
                "description_kind": "plain",
                "required": true
              },
              "endtime_key": {
                "type": "number",
                "description_kind": "plain",
                "optional": true
              },
              "id": {
                "type": "string",
                "description_kind": "plain",
                "optional": true,
                "computed": true
              },
              "name": {
                "type": "string",
                "description_kind": "plain",
                "required": true
              },
              "start_time": {
                "type": "number",
                "description_kind": "plain",
                "optional": true
              },
              "tags": {
                "type": [
                  "list",
                  "string"
                ],
                "description_kind": "plain",
                "optional": true
              }
            },
            "description_kind": "plain"
          }
        },
        "wavefront_external_link": {
          "version": 0,
          "block": {
            "attributes": {
              "description": {
                "type": "string",
                "description_kind": "plain",
                "required": true
              },
              "id": {
                "type": "string",
                "description_kind": "plain",
                "optional": true,
                "computed": true
              },
              "is_log_integration": {
                "type": "bool",
                "description_kind": "plain",
                "optional": true
              },
              "metric_filter_regex": {
                "type": "string",
                "description_kind": "plain",
                "optional": true
              },
              "name": {
                "type": "string",
                "description_kind": "plain",
                "required": true
              },
              "point_tag_filter_regexes": {
                "type": [
                  "map",
                  "string"
                ],
                "description_kind": "plain",
                "optional": true
              },
              "source_filter_regex": {
                "type": "string",
                "description_kind": "plain",
                "optional": true
              },
              "template": {
                "type": "string",
                "description_kind": "plain",
                "required": true
              }
            },
            "description_kind": "plain"
          }
        },
        "wavefront_ingestion_policy": {
          "version": 0,
          "block": {
            "attributes": {
              "accounts": {
                "type": [
                  "list",
                  "string"
                ],
                "description_kind": "plain",
                "optional": true
              },
              "description": {
                "type": "string",
                "description_kind": "plain",
                "required": true
              },
              "groups": {
                "type": [
                  "list",
                  "string"
                ],
                "description_kind": "plain",
                "optional": true
              },
              "id": {
                "type": "string",
                "description_kind": "plain",
                "optional": true,
                "computed": true
              },
              "name": {
                "type": "string",
                "description_kind": "plain",
                "required": true
              },
              "namespaces": {
                "type": [
                  "list",
                  "string"
                ],
                "description_kind": "plain",
                "optional": true
              },
              "scope": {
                "type": "string",
                "description_kind": "plain",
                "required": true
              },
              "sources": {
                "type": [
                  "list",
                  "string"
                ],
                "description_kind": "plain",
                "optional": true
              }
            },
            "block_types": {
              "tags": {
                "nesting_mode": "list",
                "block": {
                  "attributes": {
                    "key": {
                      "type": "string",
                      "description_kind": "plain",
                      "required": true
                    },
                    "value": {
                      "type": "string",
                      "description_kind": "plain",
                      "required": true
                    }
                  },
                  "description_kind": "plain"
                }
              }
            },
            "description_kind": "plain"
          }
        },
        "wavefront_maintenance_window": {
          "version": 0,
          "block": {
            "attributes": {
              "end_time_in_seconds": {
                "type": "number",
                "description_kind": "plain",
                "required": true
              },
              "host_tag_group_host_names_group_anded": {
                "type": "bool",
                "description_kind": "plain",
                "optional": true
              },
              "id": {
                "type": "string",
                "description_kind": "plain",
                "optional": true,
                "computed": true
              },
              "reason": {
                "type": "string",
                "description_kind": "plain",
                "required": true
              },
              "relevant_customer_tags": {
                "type": [
                  "set",
                  "string"
                ],
                "description_kind": "plain",
                "optional": true
              },
              "relevant_host_names": {
                "type": [
                  "set",
                  "string"
                ],
                "description_kind": "plain",
                "optional": true
              },
              "relevant_host_tags": {
                "type": [
                  "set",
                  "string"
                ],
                "description_kind": "plain",
                "optional": true
              },
              "relevant_host_tags_anded": {
                "type": "bool",
                "description_kind": "plain",
                "optional": true
              },
              "start_time_in_seconds": {
                "type": "number",
                "description_kind": "plain",
                "required": true
              },
              "title": {
                "type": "string",
                "description_kind": "plain",
                "required": true
              }
            },
            "description_kind": "plain"
          }
        },
        "wavefront_metrics_policy": {
          "version": 0,
          "block": {
            "attributes": {
              "customer": {
                "type": "string",
                "description_kind": "plain",
                "computed": true
              },
              "id": {
                "type": "string",
                "description_kind": "plain",
                "optional": true,
                "computed": true
              },
              "updated_epoch_millis": {
                "type": "number",
                "description_kind": "plain",
                "computed": true
              },
              "updater_id": {
                "type": "string",
                "description_kind": "plain",
                "computed": true
              }
            },
            "block_types": {
              "policy_rules": {
                "nesting_mode": "list",
                "block": {
                  "attributes": {
                    "access_type": {
                      "type": "string",
                      "description_kind": "plain",
                      "required": true
                    },
                    "account_ids": {
                      "type": [
                        "list",
                        "string"
                      ],
                      "description_kind": "plain",
                      "optional": true
                    },
                    "description": {
                      "type": "string",
                      "description_kind": "plain",
                      "required": true
                    },
                    "name": {
                      "type": "string",
                      "description_kind": "plain",
                      "required": true
                    },
                    "prefixes": {
                      "type": [
                        "list",
                        "string"
                      ],
                      "description_kind": "plain",
                      "required": true
                    },
                    "role_ids": {
                      "type": [
                        "list",
                        "string"
                      ],
                      "description_kind": "plain",
                      "optional": true
                    },
                    "tags_anded": {
                      "type": "bool",
                      "description_kind": "plain",
                      "required": true
                    },
                    "user_group_ids": {
                      "type": [
                        "list",
                        "string"
                      ],
                      "description_kind": "plain",
                      "optional": true
                    }
                  },
                  "block_types": {
                    "tags": {
                      "nesting_mode": "list",
                      "block": {
                        "attributes": {
                          "key": {
                            "type": "string",
                            "description_kind": "plain",
                            "required": true
                          },
                          "value": {
                            "type": "string",
                            "description_kind": "plain",
                            "required": true
                          }
                        },
                        "description_kind": "plain"
                      }
                    }
                  },
                  "description_kind": "plain"
                },
                "min_items": 1
              }
            },
            "description_kind": "plain"
          }
        },
        "wavefront_role": {
          "version": 0,
          "block": {
            "attributes": {
              "assignees": {
                "type": [
                  "set",
                  "string"
                ],
                "description_kind": "plain",
                "optional": true
              },
              "description": {
                "type": "string",
                "description_kind": "plain",
                "optional": true
              },
              "id": {
                "type": "string",
                "description_kind": "plain",
                "optional": true,
                "computed": true
              },
              "name": {
                "type": "string",
                "description_kind": "plain",
                "required": true
              },
              "permissions": {
                "type": [
                  "set",
                  "string"
                ],
                "description_kind": "plain",
                "optional": true
              }
            },
            "description_kind": "plain"
          }
        },
        "wavefront_service_account": {
          "version": 0,
          "block": {
            "attributes": {
              "active": {
                "type": "bool",
                "description_kind": "plain",
                "optional": true
              },
              "description": {
                "type": "string",
                "description_kind": "plain",
                "optional": true
              },
              "id": {
                "type": "string",
                "description_kind": "plain",
                "optional": true,
                "computed": true
              },
              "identifier": {
                "type": "string",
                "description_kind": "plain",
                "required": true
              },
              "ingestion_policy": {
                "type": "string",
                "description_kind": "plain",
                "optional": true
              },
              "permissions": {
                "type": [
                  "set",
                  "string"
                ],
                "description_kind": "plain",
                "optional": true,
                "computed": true
              },
              "user_groups": {
                "type": [
                  "set",
                  "string"
                ],
                "description_kind": "plain",
                "optional": true,
                "computed": true
              }
            },
            "description_kind": "plain"
          }
        },
        "wavefront_user": {
          "version": 0,
          "block": {
            "attributes": {
              "customer": {
                "type": "string",
                "description_kind": "plain",
                "optional": true,
                "computed": true
              },
              "email": {
                "type": "string",
                "description_kind": "plain",
                "required": true
              },
              "id": {
                "type": "string",
                "description_kind": "plain",
                "optional": true,
                "computed": true
              },
              "permissions": {
                "type": [
                  "set",
                  "string"
                ],
                "description_kind": "plain",
                "optional": true,
                "computed": true
              },
              "user_groups": {
                "type": [
                  "set",
                  "string"
                ],
                "description_kind": "plain",
                "optional": true,
                "computed": true
              }
            },
            "description_kind": "plain"
          }
        },
        "wavefront_user_group": {
          "version": 0,
          "block": {
            "attributes": {
              "description": {
                "type": "string",
                "description_kind": "plain",
                "required": true
              },
              "id": {
                "type": "string",
                "description_kind": "plain",
                "optional": true,
                "computed": true
              },
              "name": {
                "type": "string",
                "description_kind": "plain",
                "required": true
              }
            },
            "description_kind": "plain"
          }
        }
      },
      "data_source_schemas": {
        "wavefront_alert": {
          "version": 0,
          "block": {
            "attributes": {
              "additional_information": {
                "type": "string",
                "description_kind": "plain",
                "computed": true
              },
              "alert_triage_dashboards": {
                "type": [
                  "list",
                  [
                    "object",
                    {
                      "dashboard_id": "string",
                      "description": "string",
                      "parameters": [
                        "list",
                        [
                          "object",
                          {
                            "constants": [
                              "map",
                              "string"
                            ]
                          }
                        ]
                      ]
                    }
                  ]
                ],
                "description_kind": "plain",
                "computed": true
              },
              "alert_type": {
                "type": "string",
                "description_kind": "plain",
                "computed": true
              },
              "can_modify": {
                "type": [
                  "list",
                  "string"
                ],
                "description_kind": "plain",
                "computed": true
              },
              "can_view": {
                "type": [
                  "list",
                  "string"
                ],
                "description_kind": "plain",
                "computed": true
              },
              "condition": {
                "type": "string",
                "description_kind": "plain",
                "computed": true
              },
              "conditions": {
                "type": [
                  "map",
                  "string"
                ],
                "description_kind": "plain",
                "computed": true
              },
              "display_expression": {
                "type": "string",
                "description_kind": "plain",
                "computed": true
              },
              "evaluate_realtime_data": {
                "type": "bool",
                "description_kind": "plain",
                "computed": true
              },
              "failing_host_label_pairs": {
                "type": [
                  "list",
                  [
                    "object",
                    {
                      "firing": "number",
                      "host": "string"
                    }
                  ]
                ],
                "description_kind": "plain",
                "computed": true
              },
              "id": {
                "type": "string",
                "description_kind": "plain",
                "required": true
              },
              "in_maintenance_host_label_pairs": {
                "type": [
                  "list",
                  [
                    "object",
                    {
                      "firing": "number",
                      "host": "string"
                    }
                  ]
                ],
                "description_kind": "plain",
                "computed": true
              },
              "include_obsolete_metrics": {
                "type": "bool",
                "description_kind": "plain",
                "computed": true
              },
              "minutes": {
                "type": "number",
                "description_kind": "plain",
                "computed": true
              },
              "name": {
                "type": "string",
                "description_kind": "plain",
                "computed": true
              },
              "notification_resend_frequency_minutes": {
                "type": "number",
                "description_kind": "plain",
                "computed": true
              },
              "process_rate_minutes": {
                "type": "number",
                "description_kind": "plain",
                "computed": true
              },
              "resolve_after_minutes": {
                "type": "number",
                "description_kind": "plain",
                "computed": true
              },
              "runbook_links": {
                "type": [
                  "list",
                  "string"
                ],
                "description_kind": "plain",
                "computed": true
              },
              "severity": {
                "type": "string",
                "description_kind": "plain",
                "computed": true
              },
              "severity_list": {
                "type": [
                  "list",
                  "string"
                ],
                "description_kind": "plain",
                "computed": true
              },
              "status": {
                "type": [
                  "list",
                  "string"
                ],
                "description_kind": "plain",
                "computed": true
              },
              "tags": {
                "type": [
                  "list",
                  "string"
                ],
                "description_kind": "plain",
                "computed": true
              },
              "target": {
                "type": "string",
                "description_kind": "plain",
                "computed": true
              },
              "targets": {
                "type": [
                  "map",
                  "string"
                ],
                "description_kind": "plain",
                "optional": true
              }
            },
            "description_kind": "plain"
          }
        },
        "wavefront_alerts": {
          "version": 0,
          "block": {
            "attributes": {
              "alerts": {
                "type": [
                  "set",
                  [
                    "object",
                    {
                      "additional_information": "string",
                      "alert_triage_dashboards": [
                        "list",
                        [
                          "object",
                          {
                            "dashboard_id": "string",
                            "description": "string",
                            "parameters": [
                              "list",
                              [
                                "object",
                                {
                                  "constants": [
                                    "map",
                                    "string"
                                  ]
                                }
                              ]
                            ]
                          }
                        ]
                      ],
                      "alert_type": "string",
                      "can_modify": [
                        "list",
                        "string"
                      ],
                      "can_view": [
                        "list",
                        "string"
                      ],
                      "condition": "string",
                      "conditions": [
                        "map",
                        "string"
                      ],
                      "display_expression": "string",
                      "evaluate_realtime_data": "bool",
                      "failing_host_label_pairs": [
                        "list",
                        [
                          "object",
                          {
                            "firing": "number",
                            "host": "string"
                          }
                        ]
                      ],
                      "id": "string",
                      "in_maintenance_host_label_pairs": [
                        "list",
                        [
                          "object",
                          {
                            "firing": "number",
                            "host": "string"
                          }
                        ]
                      ],
                      "include_obsolete_metrics": "bool",
                      "minutes": "number",
                      "name": "string",
                      "notification_resend_frequency_minutes": "number",
                      "process_rate_minutes": "number",
                      "resolve_after_minutes": "number",
                      "runbook_links": [
                        "list",
                        "string"
                      ],
                      "severity": "string",
                      "severity_list": [
                        "list",
                        "string"
                      ],
                      "status": [
                        "list",
                        "string"
                      ],
                      "tags": [
                        "list",
                        "string"
                      ],
                      "target": "string",
                      "targets": [
                        "map",
                        "string"
                      ]
                    }
                  ]
                ],
                "description_kind": "plain",
                "computed": true
              },
              "id": {
                "type": "string",
                "description_kind": "plain",
                "optional": true,
                "computed": true
              },
              "limit": {
                "type": "number",
                "description_kind": "plain",
                "optional": true
              },
              "offset": {
                "type": "number",
                "description_kind": "plain",
                "optional": true
              }
            },
            "description_kind": "plain"
          }
        },
        "wavefront_dashboard": {
          "version": 0,
          "block": {
            "attributes": {
              "can_modify": {
                "type": [
                  "list",
                  "string"
                ],
                "description_kind": "plain",
                "computed": true
              },
              "can_view": {
                "type": [
                  "list",
                  "string"
                ],
                "description_kind": "plain",
                "computed": true
              },
              "chart_title_bg_color": {
                "type": "string",
                "description_kind": "plain",
                "computed": true
              },
              "chart_title_color": {
                "type": "string",
                "description_kind": "plain",
                "computed": true
              },
              "chart_title_scalar": {
                "type": "number",
                "description_kind": "plain",
                "computed": true
              },
              "created_epoch_millis": {
                "type": "number",
                "description_kind": "plain",
                "computed": true
              },
              "creator_id": {
                "type": "string",
                "description_kind": "plain",
                "computed": true
              },
              "customer": {
                "type": "string",
                "description_kind": "plain",
                "computed": true
              },
              "default_end_time": {
                "type": "number",
                "description_kind": "plain",
                "computed": true
              },
              "default_start_time": {
                "type": "number",
                "description_kind": "plain",
                "computed": true
              },
              "default_time_window": {
                "type": "string",
                "description_kind": "plain",
                "computed": true
              },
              "deleted": {
                "type": "bool",
                "description_kind": "plain",
                "computed": true
              },
              "description": {
                "type": "string",
                "description_kind": "plain",
                "computed": true
              },
              "display_description": {
                "type": "bool",
                "description_kind": "plain",
                "computed": true
              },
              "display_query_parameters": {
                "type": "bool",
                "description_kind": "plain",
                "computed": true
              },
              "display_section_table_of_contents": {
                "type": "bool",
                "description_kind": "plain",
                "computed": true
              },
              "event_filter_type": {
                "type": "string",
                "description_kind": "plain",
                "computed": true
              },
              "event_query": {
                "type": "string",
                "description_kind": "plain",
                "computed": true
              },
              "favorite": {
                "type": "bool",
                "description_kind": "plain",
                "computed": true
              },
              "hidden": {
                "type": "bool",
                "description_kind": "plain",
                "computed": true
              },
              "id": {
                "type": "string",
                "description_kind": "plain",
                "required": true
              },
              "name": {
                "type": "string",
                "description_kind": "plain",
                "computed": true
              },
              "num_charts": {
                "type": "number",
                "description_kind": "plain",
                "computed": true
              },
              "num_favorites": {
                "type": "number",
                "description_kind": "plain",
                "computed": true
              },
              "parameter_details": {
                "type": [
                  "list",
                  [
                    "object",
                    {
                      "default_value": "string",
                      "dynamic_field_type": "string",
                      "hide_from_view": "bool",
                      "label": "string",
                      "parameter_type": "string",
                      "query_value": "string",
                      "tag_key": "string",
                      "values_to_readable_strings": [
                        "map",
                        "string"
                      ]
                    }
                  ]
                ],
                "description_kind": "plain",
                "computed": true
              },
              "parameters": {
                "type": [
                  "map",
                  "string"
                ],
                "description_kind": "plain",
                "computed": true
              },
              "sections": {
                "type": [
                  "list",
                  [
                    "object",
                    {
                      "name": "string",
                      "rows": [
                        "list",
                        [
                          "object",
                          {
                            "charts": [
                              "list",
                              [
                                "object",
                                {
                                  "base": "number",
                                  "chart_attributes": "string",
                                  "chart_settings": [
                                    "list",
                                    [
                                      "object",
                                      {
                                        "auto_column_tags": "bool",
                                        "column_tags": "string",
                                        "custom_tags": [
                                          "list",
                                          "string"
                                        ],
                                        "expected_data_spacing": "number",
                                        "fixed_legend_display_stats": [
                                          "list",
                                          "string"
                                        ],
                                        "fixed_legend_enabled": "bool",
                                        "fixed_legend_filter_field": "string",
                                        "fixed_legend_filter_limit": "number",
                                        "fixed_legend_filter_sort": "string",
                                        "fixed_legend_hide_label": "bool",
                                        "fixed_legend_position": "string",
                                        "fixed_legend_use_raw_stats": "bool",
                                        "group_by_source": "bool",
                                        "invert_dynamic_legend_hover_control": "bool",
                                        "line_type": "string",
                                        "max": "number",
                                        "min": "number",
                                        "num_tags": "number",
                                        "plain_markdown_content": "string",
                                        "show_hosts": "bool",
                                        "show_labels": "bool",
                                        "show_raw_values": "bool",
                                        "sort_values_descending": "bool",
                                        "sparkline_decimal_precision": "number",
                                        "sparkline_display_color": "string",
                                        "sparkline_display_font_size": "string",
                                        "sparkline_display_horizontal_position": "string",
                                        "sparkline_display_postfix": "string",
                                        "sparkline_display_prefix": "string",
                                        "sparkline_display_value_type": "string",
                                        "sparkline_display_vertical_position": "string",
                                        "sparkline_fill_color": "string",
                                        "sparkline_line_color": "string",
                                        "sparkline_size": "string",
                                        "sparkline_value_color_map_apply_to": "string",
                                        "sparkline_value_color_map_colors": [
                                          "list",
                                          "string"
                                        ],
                                        "sparkline_value_color_map_values": [
                                          "list",
                                          "number"
                                        ],
                                        "sparkline_value_color_map_values_v2": [
                                          "list",
                                          "number"
                                        ],
                                        "sparkline_value_text_map_text": [
                                          "list",
                                          "string"
                                        ],
                                        "sparkline_value_text_map_thresholds": [
                                          "list",
                                          "number"
                                        ],
                                        "stack_type": "string",
                                        "tag_mode": "string",
                                        "time_based_coloring": "bool",
                                        "type": "string",
                                        "window_size": "number",
                                        "windowing": "string",
                                        "xmax": "number",
                                        "xmin": "number",
                                        "y0_scale_si_by1024": "bool",
                                        "y0_unit_autoscaling": "bool",
                                        "y1_max": "number",
                                        "y1_min": "number",
                                        "y1_scale_si_by1024": "bool",
                                        "y1_unit_autoscaling": "bool",
                                        "y1_units": "string",
                                        "ymax": "number",
                                        "ymin": "number"
                                      }
                                    ]
                                  ],
                                  "description": "string",
                                  "include_obsolete_metrics": "bool",
                                  "interpolate_points_key": "bool",
                                  "name": "string",
                                  "no_default_events": "bool",
                                  "sources": [
                                    "list",
                                    [
                                      "object",
                                      {
                                        "disabled": "bool",
                                        "name": "string",
                                        "query": "string",
                                        "querybuilder_enabled": "bool",
                                        "scatter_plot_source": "string",
                                        "secondary_axis": "bool",
                                        "source_color": "string",
                                        "source_description": "string"
                                      }
                                    ]
                                  ],
                                  "summarization": "string",
                                  "units": "string"
                                }
                              ]
                            ],
                            "height_factor": "number",
                            "name": "string"
                          }
                        ]
                      ]
                    }
                  ]
                ],
                "description_kind": "plain",
                "computed": true
              },
              "system_owned": {
                "type": "bool",
                "description_kind": "plain",
                "computed": true
              },
              "tags": {
                "type": [
                  "list",
                  "string"
                ],
                "description_kind": "plain",
                "computed": true
              },
              "updated_epoch_millis": {
                "type": "number",
                "description_kind": "plain",
                "computed": true
              },
              "updater_id": {
                "type": "string",
                "description_kind": "plain",
                "computed": true
              },
              "url": {
                "type": "string",
                "description_kind": "plain",
                "computed": true
              },
              "views_last_day": {
                "type": "number",
                "description_kind": "plain",
                "computed": true
              },
              "views_last_month": {
                "type": "number",
                "description_kind": "plain",
                "computed": true
              },
              "views_last_week": {
                "type": "number",
                "description_kind": "plain",
                "computed": true
              }
            },
            "description_kind": "plain"
          }
        },
        "wavefront_dashboards": {
          "version": 0,
          "block": {
            "attributes": {
              "dashboards": {
                "type": [
                  "set",
                  [
                    "object",
                    {
                      "can_modify": [
                        "list",
                        "string"
                      ],
                      "can_view": [
                        "list",
                        "string"
                      ],
                      "chart_title_bg_color": "string",
                      "chart_title_color": "string",
                      "chart_title_scalar": "number",
                      "created_epoch_millis": "number",
                      "creator_id": "string",
                      "customer": "string",
                      "default_end_time": "number",
                      "default_start_time": "number",
                      "default_time_window": "string",
                      "deleted": "bool",
                      "description": "string",
                      "display_description": "bool",
                      "display_query_parameters": "bool",
                      "display_section_table_of_contents": "bool",
                      "event_filter_type": "string",
                      "event_query": "string",
                      "favorite": "bool",
                      "hidden": "bool",
                      "id": "string",
                      "name": "string",
                      "num_charts": "number",
                      "num_favorites": "number",
                      "parameter_details": [
                        "list",
                        [
                          "object",
                          {
                            "default_value": "string",
                            "dynamic_field_type": "string",
                            "hide_from_view": "bool",
                            "label": "string",
                            "parameter_type": "string",
                            "query_value": "string",
                            "tag_key": "string",
                            "values_to_readable_strings": [
                              "map",
                              "string"
                            ]
                          }
                        ]
                      ],
                      "parameters": [
                        "map",
                        "string"
                      ],
                      "sections": [
                        "list",
                        [
                          "object",
                          {
                            "name": "string",
                            "rows": [
                              "list",
                              [
                                "object",
                                {
                                  "charts": [
                                    "list",
                                    [
                                      "object",
                                      {
                                        "base": "number",
                                        "chart_attributes": "string",
                                        "chart_settings": [
                                          "list",
                                          [
                                            "object",
                                            {
                                              "auto_column_tags": "bool",
                                              "column_tags": "string",
                                              "custom_tags": [
                                                "list",
                                                "string"
                                              ],
                                              "expected_data_spacing": "number",
                                              "fixed_legend_display_stats": [
                                                "list",
                                                "string"
                                              ],
                                              "fixed_legend_enabled": "bool",
                                              "fixed_legend_filter_field": "string",
                                              "fixed_legend_filter_limit": "number",
                                              "fixed_legend_filter_sort": "string",
                                              "fixed_legend_hide_label": "bool",
                                              "fixed_legend_position": "string",
                                              "fixed_legend_use_raw_stats": "bool",
                                              "group_by_source": "bool",
                                              "invert_dynamic_legend_hover_control": "bool",
                                              "line_type": "string",
                                              "max": "number",
                                              "min": "number",
                                              "num_tags": "number",
                                              "plain_markdown_content": "string",
                                              "show_hosts": "bool",
                                              "show_labels": "bool",
                                              "show_raw_values": "bool",
                                              "sort_values_descending": "bool",
                                              "sparkline_decimal_precision": "number",
                                              "sparkline_display_color": "string",
                                              "sparkline_display_font_size": "string",
                                              "sparkline_display_horizontal_position": "string",
                                              "sparkline_display_postfix": "string",
                                              "sparkline_display_prefix": "string",
                                              "sparkline_display_value_type": "string",
                                              "sparkline_display_vertical_position": "string",
                                              "sparkline_fill_color": "string",
                                              "sparkline_line_color": "string",
                                              "sparkline_size": "string",
                                              "sparkline_value_color_map_apply_to": "string",
                                              "sparkline_value_color_map_colors": [
                                                "list",
                                                "string"
                                              ],
                                              "sparkline_value_color_map_values": [
                                                "list",
                                                "number"
                                              ],
                                              "sparkline_value_color_map_values_v2": [
                                                "list",
                                                "number"
                                              ],
                                              "sparkline_value_text_map_text": [
                                                "list",
                                                "string"
                                              ],
                                              "sparkline_value_text_map_thresholds": [
                                                "list",
                                                "number"
                                              ],
                                              "stack_type": "string",
                                              "tag_mode": "string",
                                              "time_based_coloring": "bool",
                                              "type": "string",
                                              "window_size": "number",
                                              "windowing": "string",
                                              "xmax": "number",
                                              "xmin": "number",
                                              "y0_scale_si_by1024": "bool",
                                              "y0_unit_autoscaling": "bool",
                                              "y1_max": "number",
                                              "y1_min": "number",
                                              "y1_scale_si_by1024": "bool",
                                              "y1_unit_autoscaling": "bool",
                                              "y1_units": "string",
                                              "ymax": "number",
                                              "ymin": "number"
                                            }
                                          ]
                                        ],
                                        "description": "string",
                                        "include_obsolete_metrics": "bool",
                                        "interpolate_points_key": "bool",
                                        "name": "string",
                                        "no_default_events": "bool",
                                        "sources": [
                                          "list",
                                          [
                                            "object",
                                            {
                                              "disabled": "bool",
                                              "name": "string",
                                              "query": "string",
                                              "querybuilder_enabled": "bool",
                                              "scatter_plot_source": "string",
                                              "secondary_axis": "bool",
                                              "source_color": "string",
                                              "source_description": "string"
                                            }
                                          ]
                                        ],
                                        "summarization": "string",
                                        "units": "string"
                                      }
                                    ]
                                  ],
                                  "height_factor": "number",
                                  "name": "string"
                                }
                              ]
                            ]
                          }
                        ]
                      ],
                      "system_owned": "bool",
                      "tags": [
                        "list",
                        "string"
                      ],
                      "updated_epoch_millis": "number",
                      "updater_id": "string",
                      "url": "string",
                      "views_last_day": "number",
                      "views_last_month": "number",
                      "views_last_week": "number"
                    }
                  ]
                ],
                "description_kind": "plain",
                "computed": true
              },
              "id": {
                "type": "string",
                "description_kind": "plain",
                "optional": true,
                "computed": true
              },
              "limit": {
                "type": "number",
                "description_kind": "plain",
                "optional": true
              },
              "offset": {
                "type": "number",
                "description_kind": "plain",
                "optional": true
              }
            },
            "description_kind": "plain"
          }
        },
        "wavefront_default_user_group": {
          "version": 0,
          "block": {
            "attributes": {
              "group_id": {
                "type": "string",
                "description_kind": "plain",
                "computed": true
              },
              "id": {
                "type": "string",
                "description_kind": "plain",
                "optional": true,
                "computed": true
              }
            },
            "description_kind": "plain"
          }
        },
        "wavefront_derived_metric": {
          "version": 0,
          "block": {
            "attributes": {
              "additional_information": {
                "type": "string",
                "description_kind": "plain",
                "computed": true
              },
              "create_user_id": {
                "type": "string",
                "description_kind": "plain",
                "computed": true
              },
              "created_epoch_millis": {
                "type": "number",
                "description_kind": "plain",
                "computed": true
              },
              "deleted": {
                "type": "bool",
                "description_kind": "plain",
                "computed": true
              },
              "hosts_used": {
                "type": [
                  "list",
                  "string"
                ],
                "description_kind": "plain",
                "computed": true
              },
              "id": {
                "type": "string",
                "description_kind": "plain",
                "required": true
              },
              "in_trash": {
                "type": "bool",
                "description_kind": "plain",
                "computed": true
              },
              "include_obsolete_metrics": {
                "type": "bool",
                "description_kind": "plain",
                "computed": true
              },
              "last_error_message": {
                "type": "string",
                "description_kind": "plain",
                "computed": true
              },
              "last_failed_time": {
                "type": "number",
                "description_kind": "plain",
                "computed": true
              },
              "last_processed_millis": {
                "type": "number",
                "description_kind": "plain",
                "computed": true
              },
              "last_query_time": {
                "type": "number",
                "description_kind": "plain",
                "computed": true
              },
              "metrics_used": {
                "type": [
                  "list",
                  "string"
                ],
                "description_kind": "plain",
                "computed": true
              },
              "minutes": {
                "type": "number",
                "description_kind": "plain",
                "computed": true
              },
              "name": {
                "type": "string",
                "description_kind": "plain",
                "computed": true
              },
              "points_scanned_at_last_query": {
                "type": "number",
                "description_kind": "plain",
                "computed": true
              },
              "process_rate_minutes": {
                "type": "number",
                "description_kind": "plain",
                "computed": true
              },
              "query": {
                "type": "string",
                "description_kind": "plain",
                "computed": true
              },
              "query_failing": {
                "type": "bool",
                "description_kind": "plain",
                "computed": true
              },
              "query_qb_enabled": {
                "type": "bool",
                "description_kind": "plain",
                "computed": true
              },
              "status": {
                "type": [
                  "list",
                  "string"
                ],
                "description_kind": "plain",
                "computed": true
              },
              "tags": {
                "type": [
                  "list",
                  "string"
                ],
                "description_kind": "plain",
                "computed": true
              },
              "update_user_id": {
                "type": "string",
                "description_kind": "plain",
                "computed": true
              },
              "updated_epoch_millis": {
                "type": "number",
                "description_kind": "plain",
                "computed": true
              }
            },
            "description_kind": "plain"
          }
        },
        "wavefront_derived_metrics": {
          "version": 0,
          "block": {
            "attributes": {
              "derived_metrics": {
                "type": [
                  "list",
                  [
                    "object",
                    {
                      "additional_information": "string",
                      "create_user_id": "string",
                      "created_epoch_millis": "number",
                      "deleted": "bool",
                      "hosts_used": [
                        "list",
                        "string"
                      ],
                      "id": "string",
                      "in_trash": "bool",
                      "include_obsolete_metrics": "bool",
                      "last_error_message": "string",
                      "last_failed_time": "number",
                      "last_processed_millis": "number",
                      "last_query_time": "number",
                      "metrics_used": [
                        "list",
                        "string"
                      ],
                      "minutes": "number",
                      "name": "string",
                      "points_scanned_at_last_query": "number",
                      "process_rate_minutes": "number",
                      "query": "string",
                      "query_failing": "bool",
                      "query_qb_enabled": "bool",
                      "status": [
                        "list",
                        "string"
                      ],
                      "tags": [
                        "list",
                        "string"
                      ],
                      "update_user_id": "string",
                      "updated_epoch_millis": "number"
                    }
                  ]
                ],
                "description_kind": "plain",
                "computed": true
              },
              "id": {
                "type": "string",
                "description_kind": "plain",
                "optional": true,
                "computed": true
              },
              "limit": {
                "type": "number",
                "description_kind": "plain",
                "optional": true
              },
              "offset": {
                "type": "number",
                "description_kind": "plain",
                "optional": true
              }
            },
            "description_kind": "plain"
          }
        },
        "wavefront_event": {
          "version": 0,
          "block": {
            "attributes": {
              "annotations": {
                "type": [
                  "map",
                  "string"
                ],
                "description_kind": "plain",
                "computed": true
              },
              "details": {
                "type": "string",
                "description_kind": "plain",
                "computed": true
              },
              "endtime_key": {
                "type": "number",
                "description_kind": "plain",
                "computed": true
              },
              "id": {
                "type": "string",
                "description_kind": "plain",
                "required": true
              },
              "is_ephemeral": {
                "type": "bool",
                "description_kind": "plain",
                "computed": true
              },
              "name": {
                "type": "string",
                "description_kind": "plain",
                "computed": true
              },
              "severity": {
                "type": "string",
                "description_kind": "plain",
                "computed": true
              },
              "start_time": {
                "type": "number",
                "description_kind": "plain",
                "computed": true
              },
              "tags": {
                "type": [
                  "list",
                  "string"
                ],
                "description_kind": "plain",
                "computed": true
              },
              "type": {
                "type": "string",
                "description_kind": "plain",
                "computed": true
              }
            },
            "description_kind": "plain"
          }
        },
        "wavefront_events": {
          "version": 0,
          "block": {
            "attributes": {
              "earliest_start_time_epoch_millis": {
                "type": "number",
                "description_kind": "plain",
                "required": true
              },
              "events": {
                "type": [
                  "set",
                  [
                    "object",
                    {
                      "annotations": [
                        "map",
                        "string"
                      ],
                      "details": "string",
                      "endtime_key": "number",
                      "id": "string",
                      "is_ephemeral": "bool",
                      "name": "string",
                      "severity": "string",
                      "start_time": "number",
                      "tags": [
                        "list",
                        "string"
                      ],
                      "type": "string"
                    }
                  ]
                ],
                "description_kind": "plain",
                "computed": true
              },
              "id": {
                "type": "string",
                "description_kind": "plain",
                "optional": true,
                "computed": true
              },
              "latest_start_time_epoch_millis": {
                "type": "number",
                "description_kind": "plain",
                "required": true
              },
              "limit": {
                "type": "number",
                "description_kind": "plain",
                "optional": true
              },
              "offset": {
                "type": "number",
                "description_kind": "plain",
                "optional": true
              }
            },
            "description_kind": "plain"
          }
        },
        "wavefront_external_link": {
          "version": 0,
          "block": {
            "attributes": {
              "created_epoch_millis": {
                "type": "number",
                "description_kind": "plain",
                "computed": true
              },
              "creator_id": {
                "type": "string",
                "description_kind": "plain",
                "computed": true
              },
              "description": {
                "type": "string",
                "description_kind": "plain",
                "computed": true
              },
              "id": {
                "type": "string",
                "description_kind": "plain",
                "required": true
              },
              "is_log_integration": {
                "type": "bool",
                "description_kind": "plain",
                "computed": true
              },
              "metric_filter_regex": {
                "type": "string",
                "description_kind": "plain",
                "computed": true
              },
              "name": {
                "type": "string",
                "description_kind": "plain",
                "computed": true
              },
              "point_tag_filter_regexes": {
                "type": [
                  "map",
                  "string"
                ],
                "description_kind": "plain",
                "computed": true
              },
              "source_filter_regex": {
                "type": "string",
                "description_kind": "plain",
                "computed": true
              },
              "template": {
                "type": "string",
                "description_kind": "plain",
                "computed": true
              },
              "updated_epoch_millis": {
                "type": "number",
                "description_kind": "plain",
                "computed": true
              },
              "updater_id": {
                "type": "string",
                "description_kind": "plain",
                "computed": true
              }
            },
            "description_kind": "plain"
          }
        },
        "wavefront_external_links": {
          "version": 0,
          "block": {
            "attributes": {
              "external_links": {
                "type": [
                  "set",
                  [
                    "object",
                    {
                      "created_epoch_millis": "number",
                      "creator_id": "string",
                      "description": "string",
                      "id": "string",
                      "is_log_integration": "bool",
                      "metric_filter_regex": "string",
                      "name": "string",
                      "point_tag_filter_regexes": [
                        "map",
                        "string"
                      ],
                      "source_filter_regex": "string",
                      "template": "string",
                      "updated_epoch_millis": "number",
                      "updater_id": "string"
                    }
                  ]
                ],
                "description_kind": "plain",
                "computed": true
              },
              "id": {
                "type": "string",
                "description_kind": "plain",
                "optional": true,
                "computed": true
              },
              "limit": {
                "type": "number",
                "description_kind": "plain",
                "optional": true
              },
              "offset": {
                "type": "number",
                "description_kind": "plain",
                "optional": true
              }
            },
            "description_kind": "plain"
          }
        },
        "wavefront_maintenance_window": {
          "version": 0,
          "block": {
            "attributes": {
              "created_epoch_millis": {
                "type": "number",
                "description_kind": "plain",
                "computed": true
              },
              "creator_id": {
                "type": "string",
                "description_kind": "plain",
                "computed": true
              },
              "customer_id": {
                "type": "string",
                "description_kind": "plain",
                "computed": true
              },
              "end_time_in_seconds": {
                "type": "number",
                "description_kind": "plain",
                "computed": true
              },
              "event_name": {
                "type": "string",
                "description_kind": "plain",
                "computed": true
              },
              "host_tag_group_host_names_group_anded": {
                "type": "bool",
                "description_kind": "plain",
                "computed": true
              },
              "id": {
                "type": "string",
                "description_kind": "plain",
                "required": true
              },
              "reason": {
                "type": "string",
                "description_kind": "plain",
                "computed": true
              },
              "relevant_customer_tags": {
                "type": [
                  "list",
                  "string"
                ],
                "description_kind": "plain",
                "computed": true
              },
              "relevant_host_names": {
                "type": [
                  "list",
                  "string"
                ],
                "description_kind": "plain",
                "computed": true
              },
              "relevant_host_tags": {
                "type": [
                  "list",
                  "string"
                ],
                "description_kind": "plain",
                "computed": true
              },
              "relevant_host_tags_anded": {
                "type": "bool",
                "description_kind": "plain",
                "computed": true
              },
              "running_state": {
                "type": "string",
                "description_kind": "plain",
                "computed": true
              },
              "sort_attr": {
                "type": "number",
                "description_kind": "plain",
                "computed": true
              },
              "start_time_in_seconds": {
                "type": "number",
                "description_kind": "plain",
                "computed": true
              },
              "title": {
                "type": "string",
                "description_kind": "plain",
                "computed": true
              },
              "updated_epoch_millis": {
                "type": "number",
                "description_kind": "plain",
                "computed": true
              },
              "updater_id": {
                "type": "string",
                "description_kind": "plain",
                "computed": true
              }
            },
            "description_kind": "plain"
          }
        },
        "wavefront_maintenance_window_all": {
          "version": 0,
          "block": {
            "attributes": {
              "id": {
                "type": "string",
                "description_kind": "plain",
                "optional": true,
                "computed": true
              },
              "limit": {
                "type": "number",
                "description_kind": "plain",
                "optional": true
              },
              "maintenance_windows": {
                "type": [
                  "set",
                  [
                    "object",
                    {
                      "created_epoch_millis": "number",
                      "creator_id": "string",
                      "customer_id": "string",
                      "end_time_in_seconds": "number",
                      "event_name": "string",
                      "host_tag_group_host_names_group_anded": "bool",
                      "id": "string",
                      "reason": "string",
                      "relevant_customer_tags": [
                        "list",
                        "string"
                      ],
                      "relevant_host_names": [
                        "list",
                        "string"
                      ],
                      "relevant_host_tags": [
                        "list",
                        "string"
                      ],
                      "relevant_host_tags_anded": "bool",
                      "running_state": "string",
                      "sort_attr": "number",
                      "start_time_in_seconds": "number",
                      "title": "string",
                      "updated_epoch_millis": "number",
                      "updater_id": "string"
                    }
                  ]
                ],
                "description_kind": "plain",
                "computed": true
              },
              "offset": {
                "type": "number",
                "description_kind": "plain",
                "optional": true
              }
            },
            "description_kind": "plain"
          }
        },
        "wavefront_metrics_policy": {
          "version": 0,
          "block": {
            "attributes": {
              "customer": {
                "type": "string",
                "description_kind": "plain",
                "computed": true
              },
              "id": {
                "type": "string",
                "description_kind": "plain",
                "optional": true,
                "computed": true
              },
              "policy_rules": {
                "type": [
                  "list",
                  [
                    "object",
                    {
                      "access_type": "string",
                      "account_ids": [
                        "list",
                        "string"
                      ],
                      "description": "string",
                      "name": "string",
                      "prefixes": [
                        "list",
                        "string"
                      ],
                      "role_ids": [
                        "list",
                        "string"
                      ],
                      "tags": [
                        "list",
                        [
                          "object",
                          {
                            "key": "string",
                            "value": "string"
                          }
                        ]
                      ],
                      "tags_anded": "bool",
                      "user_group_ids": [
                        "list",
                        "string"
                      ]
                    }
                  ]
                ],
                "description_kind": "plain",
                "computed": true
              },
              "updated_epoch_millis": {
                "type": "number",
                "description_kind": "plain",
                "computed": true
              },
              "updater_id": {
                "type": "string",
                "description_kind": "plain",
                "computed": true
              }
            },
            "description_kind": "plain"
          }
        },
        "wavefront_role": {
          "version": 0,
          "block": {
            "attributes": {
              "description": {
                "type": "string",
                "description_kind": "plain",
                "computed": true
              },
              "id": {
                "type": "string",
                "description_kind": "plain",
                "required": true
              },
              "name": {
                "type": "string",
                "description_kind": "plain",
                "computed": true
              },
              "permissions": {
                "type": [
                  "list",
                  "string"
                ],
                "description_kind": "plain",
                "computed": true
              }
            },
            "description_kind": "plain"
          }
        },
        "wavefront_roles": {
          "version": 0,
          "block": {
            "attributes": {
              "id": {
                "type": "string",
                "description_kind": "plain",
                "optional": true,
                "computed": true
              },
              "limit": {
                "type": "number",
                "description_kind": "plain",
                "optional": true
              },
              "offset": {
                "type": "number",
                "description_kind": "plain",
                "optional": true
              },
              "roles": {
                "type": [
                  "list",
                  [
                    "object",
                    {
                      "description": "string",
                      "id": "string",
                      "name": "string",
                      "permissions": [
                        "list",
                        "string"
                      ]
                    }
                  ]
                ],
                "description_kind": "plain",
                "computed": true
              }
            },
            "description_kind": "plain"
          }
        },
        "wavefront_user": {
          "version": 0,
          "block": {
            "attributes": {
              "customer": {
                "type": "string",
                "description_kind": "plain",
                "computed": true
              },
              "email": {
                "type": "string",
                "description_kind": "plain",
                "required": true
              },
              "id": {
                "type": "string",
                "description_kind": "plain",
                "optional": true,
                "computed": true
              },
              "last_successful_login": {
                "type": "number",
                "description_kind": "plain",
                "computed": true
              },
              "permissions": {
                "type": [
                  "list",
                  "string"
                ],
                "description_kind": "plain",
                "computed": true
              },
              "user_group_ids": {
                "type": [
                  "list",
                  "string"
                ],
                "description_kind": "plain",
                "computed": true
              }
            },
            "description_kind": "plain"
          }
        },
        "wavefront_user_group": {
          "version": 0,
          "block": {
            "attributes": {
              "description": {
                "type": "string",
                "description_kind": "plain",
                "computed": true
              },
              "id": {
                "type": "string",
                "description_kind": "plain",
                "required": true
              },
              "name": {
                "type": "string",
                "description_kind": "plain",
                "computed": true
              },
              "roles": {
                "type": [
                  "list",
                  "string"
                ],
                "description_kind": "plain",
                "computed": true
              },
              "users": {
                "type": [
                  "list",
                  "string"
                ],
                "description_kind": "plain",
                "computed": true
              }
            },
            "description_kind": "plain"
          }
        },
        "wavefront_user_groups": {
          "version": 0,
          "block": {
            "attributes": {
              "id": {
                "type": "string",
                "description_kind": "plain",
                "optional": true,
                "computed": true
              },
              "limit": {
                "type": "number",
                "description_kind": "plain",
                "optional": true
              },
              "offset": {
                "type": "number",
                "description_kind": "plain",
                "optional": true
              },
              "user_groups": {
                "type": [
                  "list",
                  [
                    "object",
                    {
                      "description": "string",
                      "id": "string",
                      "name": "string",
                      "roles": [
                        "list",
                        "string"
                      ],
                      "users": [
                        "list",
                        "string"
                      ]
                    }
                  ]
                ],
                "description_kind": "plain",
                "computed": true
              }
            },
            "description_kind": "plain"
          }
        },
        "wavefront_users": {
          "version": 0,
          "block": {
            "attributes": {
              "id": {
                "type": "string",
                "description_kind": "plain",
                "optional": true,
                "computed": true
              },
              "users": {
                "type": [
                  "list",
                  [
                    "object",
                    {
                      "customer": "string",
                      "email": "string",
                      "last_successful_login": "number",
                      "permissions": [
                        "list",
                        "string"
                      ],
                      "user_group_ids": [
                        "list",
                        "string"
                      ]
                    }
                  ]
                ],
                "description_kind": "plain",
                "computed": true
              }
            },
            "description_kind": "plain"
          }
        }
      }
    }
  }
}
